{"format_version":"0.1","provider_schemas":{"registry.terraform.io/sullivtr/graphql":{"provider":{"version":0,"block":{"attributes":{"headers":{"type":["map","string"],"description_kind":"plain","optional":true},"url":{"type":"string","description_kind":"plain","required":true}},"description_kind":"plain"}},"resource_schemas":{"graphql_mutation":{"version":0,"block":{"attributes":{"compute_mutation_keys":{"type":["map","string"],"description_kind":"plain","required":true},"computed_delete_operation_variables":{"type":["map","string"],"description_kind":"plain","computed":true},"computed_update_operation_variables":{"type":["map","string"],"description_kind":"plain","computed":true},"create_mutation":{"type":"string","description_kind":"plain","required":true},"delete_mutation":{"type":"string","description_kind":"plain","required":true},"delete_mutation_variables":{"type":["map","string"],"description_kind":"plain","optional":true},"existing_hash":{"type":"string","description":"Represents the state of existence of a mutation in order to support intelligent updates.","description_kind":"plain","computed":true},"id":{"type":"string","description_kind":"plain","optional":true,"computed":true},"mutation_variables":{"type":["map","string"],"description_kind":"plain","required":true},"query_response":{"type":"string","description":"The raw body of the HTTP response from the last read of the object.","description_kind":"plain","computed":true},"read_query":{"type":"string","description_kind":"plain","required":true},"read_query_variables":{"type":["map","string"],"description_kind":"plain","optional":true},"update_mutation":{"type":"string","description_kind":"plain","required":true}},"description_kind":"plain"}}},"data_source_schemas":{"graphql_query":{"version":0,"block":{"attributes":{"id":{"type":"string","description_kind":"plain","optional":true,"computed":true},"query":{"type":"string","description_kind":"plain","required":true},"query_response":{"type":"string","description":"The raw body of the HTTP response from the last read of the object.","description_kind":"plain","computed":true},"query_variables":{"type":["map","string"],"description_kind":"plain","required":true}},"description_kind":"plain"}}}}}}
