{"format_version":"0.1","provider_schemas":{"registry.terraform.io/camptocamp/pass":{"provider":{"version":0,"block":{"attributes":{"refresh_store":{"type":"bool","description":"Whether or not call `pass git pull`.","description_kind":"plain","optional":true},"store_dir":{"type":"string","description":"Password storage directory to use.","description_kind":"plain","optional":true}},"description_kind":"plain"}},"resource_schemas":{"pass_password":{"version":0,"block":{"attributes":{"data":{"type":["map","string"],"description":"additional secret data.","description_kind":"plain","optional":true,"sensitive":true},"id":{"type":"string","description_kind":"plain","optional":true,"computed":true},"password":{"type":"string","description":"secret password.","description_kind":"plain","required":true,"sensitive":true},"path":{"type":"string","description":"Full path where the pass data will be written.","description_kind":"plain","required":true}},"description_kind":"plain"}}},"data_source_schemas":{"pass_password":{"version":0,"block":{"attributes":{"body":{"type":"string","description":"raw secret data if not YAML.","description_kind":"plain","computed":true},"data":{"type":["map","string"],"description":"additional secret data.","description_kind":"plain","computed":true},"full":{"type":"string","description":"entire secret contents","description_kind":"plain","computed":true},"id":{"type":"string","description_kind":"plain","optional":true,"computed":true},"password":{"type":"string","description":"secret password.","description_kind":"plain","computed":true},"path":{"type":"string","description":"Full path from which a password will be read.","description_kind":"plain","required":true}},"description_kind":"plain"}}}}}}
