{"format_version":"0.1","provider_schemas":{"registry.terraform.io/beaucronin/plausible":{"provider":{"version":0,"block":{"attributes":{"region":{"type":"string","description":"The region where AWS operations will take place. Examples\nare us-east-1, us-west-2, etc.","description_kind":"plain","required":true}},"description_kind":"plain"}},"resource_schemas":{"plausible_function":{"version":0,"block":{"attributes":{"account_id":{"type":"string","description_kind":"plain","computed":true},"arn":{"type":"string","description_kind":"plain","computed":true},"datastore_trigger_enabled":{"type":"bool","description_kind":"plain","computed":true},"function_name":{"type":"string","description_kind":"plain","computed":true},"handler":{"type":"string","description_kind":"plain","optional":true},"id":{"type":"string","description_kind":"plain","optional":true,"computed":true},"last_updated":{"type":"string","description_kind":"plain","optional":true,"computed":true},"memory_size":{"type":"number","description_kind":"plain","optional":true},"publish":{"type":"bool","description_kind":"plain","optional":true},"runtime":{"type":"string","description_kind":"plain","optional":true},"schedule_id":{"type":"string","description_kind":"plain","computed":true},"schedule_name":{"type":"string","description_kind":"plain","computed":true},"schedule_target_id":{"type":"string","description_kind":"plain","computed":true},"schedule_trigger_enabled":{"type":"bool","description_kind":"plain","computed":true},"source":{"type":"string","description_kind":"plain","required":true},"source_code_hash":{"type":"string","description_kind":"plain","optional":true,"computed":true},"subscription_id":{"type":"string","description_kind":"plain","computed":true},"subscription_trigger_enabled":{"type":"bool","description_kind":"plain","computed":true},"timeout":{"type":"number","description_kind":"plain","optional":true}},"block_types":{"api_route_trigger":{"nesting_mode":"list","block":{"attributes":{"api_id":{"type":"string","description_kind":"plain","required":true},"content_type":{"type":"string","description_kind":"plain","optional":true},"method":{"type":"string","description_kind":"plain","required":true},"route":{"type":"string","description_kind":"plain","required":true}},"description_kind":"plain"},"max_items":1},"datastore_trigger":{"nesting_mode":"list","block":{"attributes":{"datastore_id":{"type":"string","description_kind":"plain","required":true}},"description_kind":"plain"},"max_items":1},"environment":{"nesting_mode":"list","block":{"attributes":{"variables":{"type":["map","string"],"description_kind":"plain","optional":true}},"description_kind":"plain"},"max_items":1},"schedule_trigger":{"nesting_mode":"list","block":{"attributes":{"cron":{"type":"string","description_kind":"plain","optional":true}},"description_kind":"plain"},"max_items":1},"subscription_trigger":{"nesting_mode":"list","block":{"attributes":{"publisher_id":{"type":"string","description_kind":"plain","required":true}},"description_kind":"plain"},"max_items":1}},"description_kind":"plain"}},"plausible_http_api":{"version":0,"block":{"attributes":{"id":{"type":"string","description_kind":"plain","optional":true,"computed":true},"name":{"type":"string","description_kind":"plain","computed":true},"resources":{"type":["map","string"],"description_kind":"plain","computed":true},"spec_body":{"type":"string","description_kind":"plain","computed":true},"spec_file":{"type":"string","description_kind":"plain","required":true},"uri":{"type":"string","description_kind":"plain","computed":true}},"description_kind":"plain"}},"plausible_object_store":{"version":0,"block":{"attributes":{"id":{"type":"string","description_kind":"plain","optional":true,"computed":true},"key_type":{"type":"string","description_kind":"plain"},"store_name":{"type":"string","description_kind":"plain","optional":true,"computed":true},"store_prefix":{"type":"string","description_kind":"plain","optional":true},"uri":{"type":"string","description_kind":"plain","computed":true}},"block_types":{"key_component":{"nesting_mode":"set","block":{"attributes":{"enum":{"type":["set","string"],"description_kind":"plain","optional":true},"name":{"type":"string","description_kind":"plain","optional":true},"parent":{"type":"string","description_kind":"plain","optional":true},"regex":{"type":"string","description_kind":"plain","optional":true},"terminal":{"type":"bool","description_kind":"plain","optional":true}},"description_kind":"plain"}}},"description_kind":"plain"}}}}}}
