{"format_version":"0.1","provider_schemas":{"registry.terraform.io/hashicorp/tfe":{"provider":{"version":0,"block":{"attributes":{"hostname":{"type":"string","description":"The Terraform Enterprise hostname to connect to. Defaults to app.terraform.io.","description_kind":"plain","optional":true},"token":{"type":"string","description":"The token used to authenticate with Terraform Enterprise. We recommend omitting\nthe token which can be set as credentials in the CLI config file.","description_kind":"plain","optional":true}},"description_kind":"plain"}},"resource_schemas":{"tfe_notification_configuration":{"version":0,"block":{"attributes":{"destination_type":{"type":"string","description_kind":"plain","required":true},"email_addresses":{"type":["set","string"],"description_kind":"plain","optional":true,"computed":true},"email_user_ids":{"type":["set","string"],"description_kind":"plain","optional":true,"computed":true},"enabled":{"type":"bool","description_kind":"plain","optional":true},"id":{"type":"string","description_kind":"plain","optional":true,"computed":true},"name":{"type":"string","description_kind":"plain","required":true},"token":{"type":"string","description_kind":"plain","optional":true,"sensitive":true},"triggers":{"type":["set","string"],"description_kind":"plain","optional":true},"url":{"type":"string","description_kind":"plain","optional":true},"workspace_external_id":{"type":"string","description_kind":"plain","deprecated":true,"optional":true,"computed":true},"workspace_id":{"type":"string","description_kind":"plain","optional":true,"computed":true}},"description_kind":"plain"}},"tfe_oauth_client":{"version":0,"block":{"attributes":{"api_url":{"type":"string","description_kind":"plain","required":true},"http_url":{"type":"string","description_kind":"plain","required":true},"id":{"type":"string","description_kind":"plain","optional":true,"computed":true},"oauth_token":{"type":"string","description_kind":"plain","required":true,"sensitive":true},"oauth_token_id":{"type":"string","description_kind":"plain","computed":true},"organization":{"type":"string","description_kind":"plain","required":true},"private_key":{"type":"string","description_kind":"plain","optional":true},"service_provider":{"type":"string","description_kind":"plain","required":true}},"description_kind":"plain"}},"tfe_organization":{"version":0,"block":{"attributes":{"collaborator_auth_policy":{"type":"string","description_kind":"plain","optional":true},"email":{"type":"string","description_kind":"plain","required":true},"id":{"type":"string","description_kind":"plain","optional":true,"computed":true},"name":{"type":"string","description_kind":"plain","required":true},"owners_team_saml_role_id":{"type":"string","description_kind":"plain","optional":true},"session_remember_minutes":{"type":"number","description_kind":"plain","optional":true},"session_timeout_minutes":{"type":"number","description_kind":"plain","optional":true}},"description_kind":"plain"}},"tfe_organization_membership":{"version":0,"block":{"attributes":{"email":{"type":"string","description_kind":"plain","required":true},"id":{"type":"string","description_kind":"plain","optional":true,"computed":true},"organization":{"type":"string","description_kind":"plain","required":true},"user_id":{"type":"string","description_kind":"plain","computed":true}},"description_kind":"plain"}},"tfe_organization_token":{"version":0,"block":{"attributes":{"force_regenerate":{"type":"bool","description_kind":"plain","optional":true},"id":{"type":"string","description_kind":"plain","optional":true,"computed":true},"organization":{"type":"string","description_kind":"plain","required":true},"token":{"type":"string","description_kind":"plain","computed":true,"sensitive":true}},"description_kind":"plain"}},"tfe_policy_set":{"version":0,"block":{"attributes":{"description":{"type":"string","description_kind":"plain","optional":true,"computed":true},"global":{"type":"bool","description_kind":"plain","optional":true},"id":{"type":"string","description_kind":"plain","optional":true,"computed":true},"name":{"type":"string","description_kind":"plain","required":true},"organization":{"type":"string","description_kind":"plain","required":true},"policies_path":{"type":"string","description_kind":"plain","optional":true},"policy_ids":{"type":["set","string"],"description_kind":"plain","optional":true},"workspace_external_ids":{"type":["set","string"],"description_kind":"plain","deprecated":true,"optional":true,"computed":true},"workspace_ids":{"type":["set","string"],"description_kind":"plain","optional":true,"computed":true}},"block_types":{"vcs_repo":{"nesting_mode":"list","block":{"attributes":{"branch":{"type":"string","description_kind":"plain","optional":true},"identifier":{"type":"string","description_kind":"plain","required":true},"ingress_submodules":{"type":"bool","description_kind":"plain","optional":true},"oauth_token_id":{"type":"string","description_kind":"plain","required":true}},"description_kind":"plain"},"max_items":1}},"description_kind":"plain"}},"tfe_policy_set_parameter":{"version":0,"block":{"attributes":{"id":{"type":"string","description_kind":"plain","optional":true,"computed":true},"key":{"type":"string","description_kind":"plain","required":true},"policy_set_id":{"type":"string","description_kind":"plain","required":true},"sensitive":{"type":"bool","description_kind":"plain","optional":true},"value":{"type":"string","description_kind":"plain","optional":true,"sensitive":true}},"description_kind":"plain"}},"tfe_registry_module":{"version":0,"block":{"attributes":{"id":{"type":"string","description_kind":"plain","optional":true,"computed":true},"module_provider":{"type":"string","description_kind":"plain","computed":true},"name":{"type":"string","description_kind":"plain","computed":true},"organization":{"type":"string","description_kind":"plain","computed":true}},"block_types":{"vcs_repo":{"nesting_mode":"list","block":{"attributes":{"display_identifier":{"type":"string","description_kind":"plain","required":true},"identifier":{"type":"string","description_kind":"plain","required":true},"oauth_token_id":{"type":"string","description_kind":"plain","required":true}},"description_kind":"plain"},"min_items":1,"max_items":1}},"description_kind":"plain"}},"tfe_run_trigger":{"version":0,"block":{"attributes":{"id":{"type":"string","description_kind":"plain","optional":true,"computed":true},"sourceable_id":{"type":"string","description_kind":"plain","required":true},"workspace_external_id":{"type":"string","description_kind":"plain","deprecated":true,"optional":true,"computed":true},"workspace_id":{"type":"string","description_kind":"plain","optional":true,"computed":true}},"description_kind":"plain"}},"tfe_sentinel_policy":{"version":0,"block":{"attributes":{"description":{"type":"string","description_kind":"plain","optional":true,"computed":true},"enforce_mode":{"type":"string","description_kind":"plain","optional":true},"id":{"type":"string","description_kind":"plain","optional":true,"computed":true},"name":{"type":"string","description_kind":"plain","required":true},"organization":{"type":"string","description_kind":"plain","required":true},"policy":{"type":"string","description_kind":"plain","required":true}},"description_kind":"plain"}},"tfe_ssh_key":{"version":0,"block":{"attributes":{"id":{"type":"string","description_kind":"plain","optional":true,"computed":true},"key":{"type":"string","description_kind":"plain","required":true,"sensitive":true},"name":{"type":"string","description_kind":"plain","required":true},"organization":{"type":"string","description_kind":"plain","required":true}},"description_kind":"plain"}},"tfe_team":{"version":0,"block":{"attributes":{"id":{"type":"string","description_kind":"plain","optional":true,"computed":true},"name":{"type":"string","description_kind":"plain","required":true},"organization":{"type":"string","description_kind":"plain","required":true},"visibility":{"type":"string","description_kind":"plain","optional":true}},"block_types":{"organization_access":{"nesting_mode":"list","block":{"attributes":{"manage_policies":{"type":"bool","description_kind":"plain","optional":true},"manage_vcs_settings":{"type":"bool","description_kind":"plain","optional":true},"manage_workspaces":{"type":"bool","description_kind":"plain","optional":true}},"description_kind":"plain"},"max_items":1}},"description_kind":"plain"}},"tfe_team_access":{"version":1,"block":{"attributes":{"access":{"type":"string","description_kind":"plain","optional":true,"computed":true},"id":{"type":"string","description_kind":"plain","optional":true,"computed":true},"team_id":{"type":"string","description_kind":"plain","required":true},"workspace_id":{"type":"string","description_kind":"plain","required":true}},"block_types":{"permissions":{"nesting_mode":"list","block":{"attributes":{"runs":{"type":"string","description_kind":"plain","required":true},"sentinel_mocks":{"type":"string","description_kind":"plain","required":true},"state_versions":{"type":"string","description_kind":"plain","required":true},"variables":{"type":"string","description_kind":"plain","required":true},"workspace_locking":{"type":"bool","description_kind":"plain","required":true}},"description_kind":"plain"},"max_items":1}},"description_kind":"plain"}},"tfe_team_member":{"version":0,"block":{"attributes":{"id":{"type":"string","description_kind":"plain","optional":true,"computed":true},"team_id":{"type":"string","description_kind":"plain","required":true},"username":{"type":"string","description_kind":"plain","required":true}},"description_kind":"plain"}},"tfe_team_members":{"version":0,"block":{"attributes":{"id":{"type":"string","description_kind":"plain","optional":true,"computed":true},"team_id":{"type":"string","description_kind":"plain","required":true},"usernames":{"type":["set","string"],"description_kind":"plain","required":true}},"description_kind":"plain"}},"tfe_team_organization_member":{"version":0,"block":{"attributes":{"id":{"type":"string","description_kind":"plain","optional":true,"computed":true},"organization_membership_id":{"type":"string","description_kind":"plain","required":true},"team_id":{"type":"string","description_kind":"plain","required":true}},"description_kind":"plain"}},"tfe_team_token":{"version":0,"block":{"attributes":{"force_regenerate":{"type":"bool","description_kind":"plain","optional":true},"id":{"type":"string","description_kind":"plain","optional":true,"computed":true},"team_id":{"type":"string","description_kind":"plain","required":true},"token":{"type":"string","description_kind":"plain","computed":true,"sensitive":true}},"description_kind":"plain"}},"tfe_variable":{"version":1,"block":{"attributes":{"category":{"type":"string","description_kind":"plain","required":true},"description":{"type":"string","description_kind":"plain","optional":true},"hcl":{"type":"bool","description_kind":"plain","optional":true},"id":{"type":"string","description_kind":"plain","optional":true,"computed":true},"key":{"type":"string","description_kind":"plain","required":true},"sensitive":{"type":"bool","description_kind":"plain","optional":true},"value":{"type":"string","description_kind":"plain","optional":true,"sensitive":true},"workspace_id":{"type":"string","description_kind":"plain","required":true}},"description_kind":"plain"}},"tfe_workspace":{"version":1,"block":{"attributes":{"auto_apply":{"type":"bool","description_kind":"plain","optional":true},"external_id":{"type":"string","description_kind":"plain","computed":true},"file_triggers_enabled":{"type":"bool","description_kind":"plain","optional":true},"id":{"type":"string","description_kind":"plain","optional":true,"computed":true},"name":{"type":"string","description_kind":"plain","required":true},"operations":{"type":"bool","description_kind":"plain","optional":true},"organization":{"type":"string","description_kind":"plain","required":true},"queue_all_runs":{"type":"bool","description_kind":"plain","optional":true},"ssh_key_id":{"type":"string","description_kind":"plain","optional":true},"terraform_version":{"type":"string","description_kind":"plain","optional":true,"computed":true},"trigger_prefixes":{"type":["list","string"],"description_kind":"plain","optional":true},"working_directory":{"type":"string","description_kind":"plain","optional":true}},"block_types":{"vcs_repo":{"nesting_mode":"list","block":{"attributes":{"branch":{"type":"string","description_kind":"plain","optional":true},"identifier":{"type":"string","description_kind":"plain","required":true},"ingress_submodules":{"type":"bool","description_kind":"plain","optional":true},"oauth_token_id":{"type":"string","description_kind":"plain","required":true}},"description_kind":"plain"},"max_items":1}},"description_kind":"plain"}}},"data_source_schemas":{"tfe_organization_membership":{"version":0,"block":{"attributes":{"email":{"type":"string","description_kind":"plain","required":true},"id":{"type":"string","description_kind":"plain","optional":true,"computed":true},"organization":{"type":"string","description_kind":"plain","required":true},"user_id":{"type":"string","description_kind":"plain","computed":true}},"description_kind":"plain"}},"tfe_ssh_key":{"version":0,"block":{"attributes":{"id":{"type":"string","description_kind":"plain","optional":true,"computed":true},"name":{"type":"string","description_kind":"plain","required":true},"organization":{"type":"string","description_kind":"plain","required":true}},"description_kind":"plain"}},"tfe_team":{"version":0,"block":{"attributes":{"id":{"type":"string","description_kind":"plain","optional":true,"computed":true},"name":{"type":"string","description_kind":"plain","required":true},"organization":{"type":"string","description_kind":"plain","required":true}},"description_kind":"plain"}},"tfe_team_access":{"version":1,"block":{"attributes":{"access":{"type":"string","description_kind":"plain","computed":true},"id":{"type":"string","description_kind":"plain","optional":true,"computed":true},"permissions":{"type":["list",["object",{"runs":"string","sentinel_mocks":"string","state_versions":"string","variables":"string","workspace_locking":"bool"}]],"description_kind":"plain","computed":true},"team_id":{"type":"string","description_kind":"plain","required":true},"workspace_id":{"type":"string","description_kind":"plain","required":true}},"description_kind":"plain"}},"tfe_workspace":{"version":1,"block":{"attributes":{"auto_apply":{"type":"bool","description_kind":"plain","computed":true},"external_id":{"type":"string","description_kind":"plain","computed":true},"file_triggers_enabled":{"type":"bool","description_kind":"plain","computed":true},"id":{"type":"string","description_kind":"plain","optional":true,"computed":true},"name":{"type":"string","description_kind":"plain","required":true},"operations":{"type":"bool","description_kind":"plain","computed":true},"organization":{"type":"string","description_kind":"plain","required":true},"queue_all_runs":{"type":"bool","description_kind":"plain","computed":true},"ssh_key_id":{"type":"string","description_kind":"plain","computed":true},"terraform_version":{"type":"string","description_kind":"plain","computed":true},"trigger_prefixes":{"type":["list","string"],"description_kind":"plain","computed":true},"vcs_repo":{"type":["list",["object",{"identifier":"string","ingress_submodules":"bool","oauth_token_id":"string"}]],"description_kind":"plain","computed":true},"working_directory":{"type":"string","description_kind":"plain","computed":true}},"description_kind":"plain"}},"tfe_workspace_ids":{"version":0,"block":{"attributes":{"external_ids":{"type":["map","string"],"description_kind":"plain","computed":true},"full_names":{"type":["map","string"],"description_kind":"plain","computed":true},"id":{"type":"string","description_kind":"plain","optional":true,"computed":true},"ids":{"type":["map","string"],"description_kind":"plain","deprecated":true,"computed":true},"names":{"type":["list","string"],"description_kind":"plain","required":true},"organization":{"type":"string","description_kind":"plain","required":true}},"description_kind":"plain","deprecated":true}}}}}}
