{"format_version":"0.1","provider_schemas":{"registry.terraform.io/elobeto/rancher":{"provider":{"version":0,"block":{"attributes":{"access_key":{"type":"string","description":"API Key used to authenticate with the rancher server","description_kind":"plain","optional":true},"api_url":{"type":"string","description":"The URL to the rancher API, must include version uri (ie. v1 or v2-beta)","description_kind":"plain","optional":true},"config":{"type":"string","description":"Path to the Rancher client cli.json config file","description_kind":"plain","optional":true},"secret_key":{"type":"string","description":"API secret used to authenticate with the rancher server","description_kind":"plain","optional":true},"skip_config_validation":{"type":"bool","description":"Skip the configuration parameters validation.","description_kind":"plain","optional":true}},"description_kind":"plain"}},"resource_schemas":{"rancher_certificate":{"version":0,"block":{"attributes":{"algorithm":{"type":"string","description_kind":"plain","computed":true},"cert":{"type":"string","description_kind":"plain","required":true},"cert_chain":{"type":"string","description_kind":"plain","optional":true},"cert_fingerprint":{"type":"string","description_kind":"plain","computed":true},"cn":{"type":"string","description_kind":"plain","computed":true},"description":{"type":"string","description_kind":"plain","optional":true},"environment_id":{"type":"string","description_kind":"plain","required":true},"expires_at":{"type":"string","description_kind":"plain","computed":true},"id":{"type":"string","description_kind":"plain","optional":true,"computed":true},"issued_at":{"type":"string","description_kind":"plain","computed":true},"issuer":{"type":"string","description_kind":"plain","computed":true},"key":{"type":"string","description_kind":"plain","required":true},"key_size":{"type":"string","description_kind":"plain","computed":true},"name":{"type":"string","description_kind":"plain","required":true},"serial_number":{"type":"string","description_kind":"plain","computed":true},"subject_alternative_names":{"type":["set","string"],"description_kind":"plain","computed":true},"version":{"type":"string","description_kind":"plain","computed":true}},"description_kind":"plain"}},"rancher_environment":{"version":0,"block":{"attributes":{"description":{"type":"string","description_kind":"plain","optional":true},"id":{"type":"string","description_kind":"plain","optional":true,"computed":true},"name":{"type":"string","description_kind":"plain","required":true},"orchestration":{"type":"string","description_kind":"plain","optional":true,"computed":true},"project_template_id":{"type":"string","description_kind":"plain","optional":true,"computed":true}},"block_types":{"member":{"nesting_mode":"set","block":{"attributes":{"external_id":{"type":"string","description_kind":"plain","required":true},"external_id_type":{"type":"string","description_kind":"plain","required":true},"role":{"type":"string","description_kind":"plain","required":true}},"description_kind":"plain"}}},"description_kind":"plain"}},"rancher_host":{"version":0,"block":{"attributes":{"description":{"type":"string","description_kind":"plain","optional":true},"environment_id":{"type":"string","description_kind":"plain","required":true},"hostname":{"type":"string","description_kind":"plain","required":true},"id":{"type":"string","description_kind":"plain","optional":true,"computed":true},"labels":{"type":["map","string"],"description_kind":"plain","optional":true},"name":{"type":"string","description_kind":"plain","required":true}},"description_kind":"plain"}},"rancher_registration_token":{"version":0,"block":{"attributes":{"agent_ip":{"type":"string","description_kind":"plain","optional":true},"command":{"type":"string","description_kind":"plain","computed":true},"description":{"type":"string","description_kind":"plain","optional":true},"environment_id":{"type":"string","description_kind":"plain","required":true},"host_labels":{"type":["map","string"],"description_kind":"plain","optional":true},"id":{"type":"string","description_kind":"plain","optional":true,"computed":true},"image":{"type":"string","description_kind":"plain","computed":true},"name":{"type":"string","description_kind":"plain","required":true},"registration_url":{"type":"string","description_kind":"plain","computed":true},"token":{"type":"string","description_kind":"plain","computed":true}},"description_kind":"plain"}},"rancher_registry":{"version":0,"block":{"attributes":{"description":{"type":"string","description_kind":"plain","optional":true},"environment_id":{"type":"string","description_kind":"plain","required":true},"id":{"type":"string","description_kind":"plain","optional":true,"computed":true},"name":{"type":"string","description_kind":"plain","required":true},"server_address":{"type":"string","description_kind":"plain","required":true}},"description_kind":"plain"}},"rancher_registry_credential":{"version":0,"block":{"attributes":{"description":{"type":"string","description_kind":"plain","optional":true},"email":{"type":"string","description_kind":"plain","optional":true},"id":{"type":"string","description_kind":"plain","optional":true,"computed":true},"name":{"type":"string","description_kind":"plain","required":true},"public_value":{"type":"string","description_kind":"plain","required":true},"registry_id":{"type":"string","description_kind":"plain","required":true},"secret_value":{"type":"string","description_kind":"plain","required":true}},"description_kind":"plain"}},"rancher_secret":{"version":0,"block":{"attributes":{"description":{"type":"string","description_kind":"plain","optional":true},"environment_id":{"type":"string","description_kind":"plain","required":true},"id":{"type":"string","description_kind":"plain","optional":true,"computed":true},"name":{"type":"string","description_kind":"plain","required":true},"value":{"type":"string","description_kind":"plain","required":true}},"description_kind":"plain"}},"rancher_stack":{"version":0,"block":{"attributes":{"catalog_id":{"type":"string","description_kind":"plain","optional":true},"description":{"type":"string","description_kind":"plain","optional":true},"docker_compose":{"type":"string","description_kind":"plain","optional":true},"environment":{"type":["map","string"],"description_kind":"plain","optional":true},"environment_id":{"type":"string","description_kind":"plain","required":true},"finish_upgrade":{"type":"bool","description_kind":"plain","optional":true},"id":{"type":"string","description_kind":"plain","optional":true,"computed":true},"name":{"type":"string","description_kind":"plain","required":true},"rancher_compose":{"type":"string","description_kind":"plain","optional":true},"rendered_docker_compose":{"type":"string","description_kind":"plain","computed":true},"rendered_rancher_compose":{"type":"string","description_kind":"plain","computed":true},"scope":{"type":"string","description_kind":"plain","optional":true},"start_on_create":{"type":"bool","description_kind":"plain","optional":true,"computed":true}},"description_kind":"plain"}},"rancher_volume":{"version":0,"block":{"attributes":{"description":{"type":"string","description_kind":"plain","optional":true},"driver":{"type":"string","description_kind":"plain","required":true},"environment_id":{"type":"string","description_kind":"plain","required":true},"id":{"type":"string","description_kind":"plain","optional":true,"computed":true},"name":{"type":"string","description_kind":"plain","required":true}},"description_kind":"plain"}}},"data_source_schemas":{"rancher_certificate":{"version":0,"block":{"attributes":{"algorithm":{"type":"string","description_kind":"plain","computed":true},"cert_fingerprint":{"type":"string","description_kind":"plain","computed":true},"cn":{"type":"string","description_kind":"plain","computed":true},"description":{"type":"string","description_kind":"plain","computed":true},"environment_id":{"type":"string","description_kind":"plain","required":true},"expires_at":{"type":"string","description_kind":"plain","computed":true},"id":{"type":"string","description_kind":"plain","optional":true,"computed":true},"issued_at":{"type":"string","description_kind":"plain","computed":true},"issuer":{"type":"string","description_kind":"plain","computed":true},"key_size":{"type":"string","description_kind":"plain","computed":true},"name":{"type":"string","description_kind":"plain","required":true},"serial_number":{"type":"string","description_kind":"plain","computed":true},"subject_alternative_names":{"type":["set","string"],"description_kind":"plain","computed":true},"version":{"type":"string","description_kind":"plain","computed":true}},"description_kind":"plain"}},"rancher_environment":{"version":0,"block":{"attributes":{"description":{"type":"string","description_kind":"plain","computed":true},"id":{"type":"string","description_kind":"plain","optional":true,"computed":true},"member":{"type":["set",["object",{"external_id":"string","external_id_type":"string","role":"string"}]],"description_kind":"plain","computed":true},"name":{"type":"string","description_kind":"plain","required":true},"orchestration":{"type":"string","description_kind":"plain","computed":true},"project_template_id":{"type":"string","description_kind":"plain","computed":true}},"description_kind":"plain"}},"rancher_setting":{"version":0,"block":{"attributes":{"id":{"type":"string","description_kind":"plain","optional":true,"computed":true},"name":{"type":"string","description_kind":"plain","required":true},"value":{"type":"string","description_kind":"plain","computed":true}},"description_kind":"plain"}}}}}}
