{"format_version":"0.1","provider_schemas":{"registry.terraform.io/invidian/sshcommand":{"provider":{"version":0,"block":{"description_kind":"plain"}},"resource_schemas":{"sshcommand_command":{"version":0,"block":{"attributes":{"command":{"type":"string","description_kind":"plain","required":true},"connection_timeout":{"type":"string","description_kind":"plain","optional":true},"host":{"type":"string","description_kind":"plain","required":true},"id":{"type":"string","description_kind":"plain","optional":true,"computed":true},"ignore_execute_errors":{"type":"bool","description_kind":"plain","optional":true},"port":{"type":"number","description_kind":"plain","optional":true},"private_key":{"type":"string","description_kind":"plain","required":true,"sensitive":true},"result":{"type":"string","description_kind":"plain","computed":true},"retry":{"type":"bool","description_kind":"plain","optional":true},"retry_interval":{"type":"string","description_kind":"plain","optional":true},"retry_timeout":{"type":"string","description_kind":"plain","optional":true},"user":{"type":"string","description_kind":"plain","optional":true}},"description_kind":"plain"}}},"data_source_schemas":{"sshcommand_command":{"version":0,"block":{"attributes":{"command":{"type":"string","description_kind":"plain","required":true},"connection_timeout":{"type":"string","description_kind":"plain","optional":true},"host":{"type":"string","description_kind":"plain","required":true},"id":{"type":"string","description_kind":"plain","optional":true,"computed":true},"ignore_execute_errors":{"type":"bool","description_kind":"plain","optional":true},"port":{"type":"number","description_kind":"plain","optional":true},"private_key":{"type":"string","description_kind":"plain","required":true,"sensitive":true},"result":{"type":"string","description_kind":"plain","computed":true},"retry":{"type":"bool","description_kind":"plain","optional":true},"retry_interval":{"type":"string","description_kind":"plain","optional":true},"retry_timeout":{"type":"string","description_kind":"plain","optional":true},"user":{"type":"string","description_kind":"plain","optional":true}},"description_kind":"plain"}}}}}}
