{"format_version":"0.1","provider_schemas":{"registry.terraform.io/ns1-terraform/ns1":{"provider":{"version":0,"block":{"attributes":{"apikey":{"type":"string","description":"The ns1 API key, this is required","description_kind":"plain","optional":true},"enable_ddi":{"type":"bool","description_kind":"plain","optional":true},"endpoint":{"type":"string","description_kind":"plain","optional":true},"ignore_ssl":{"type":"bool","description_kind":"plain","optional":true},"rate_limit_parallelism":{"type":"number","description_kind":"plain","optional":true}},"description_kind":"plain"}},"resource_schemas":{"ns1_apikey":{"version":1,"block":{"attributes":{"account_manage_account_settings":{"type":"bool","description_kind":"plain","optional":true},"account_manage_apikeys":{"type":"bool","description_kind":"plain","optional":true},"account_manage_payment_methods":{"type":"bool","description_kind":"plain","optional":true},"account_manage_plan":{"type":"bool","description_kind":"plain","optional":true},"account_manage_teams":{"type":"bool","description_kind":"plain","optional":true},"account_manage_users":{"type":"bool","description_kind":"plain","optional":true},"account_view_activity_log":{"type":"bool","description_kind":"plain","optional":true},"account_view_invoices":{"type":"bool","description_kind":"plain","optional":true},"data_manage_datafeeds":{"type":"bool","description_kind":"plain","optional":true},"data_manage_datasources":{"type":"bool","description_kind":"plain","optional":true},"data_push_to_datafeeds":{"type":"bool","description_kind":"plain","optional":true},"dhcp_manage_dhcp":{"type":"bool","description_kind":"plain","optional":true},"dhcp_view_dhcp":{"type":"bool","description_kind":"plain","optional":true},"dns_manage_zones":{"type":"bool","description_kind":"plain","optional":true},"dns_view_zones":{"type":"bool","description_kind":"plain","optional":true},"dns_zones_allow":{"type":["list","string"],"description_kind":"plain","optional":true},"dns_zones_allow_by_default":{"type":"bool","description_kind":"plain","optional":true},"dns_zones_deny":{"type":["list","string"],"description_kind":"plain","optional":true},"id":{"type":"string","description_kind":"plain","optional":true,"computed":true},"ip_whitelist":{"type":["list","string"],"description_kind":"plain","optional":true},"ip_whitelist_strict":{"type":"bool","description_kind":"plain","optional":true},"ipam_manage_ipam":{"type":"bool","description_kind":"plain","optional":true},"ipam_view_ipam":{"type":"bool","description_kind":"plain","optional":true},"key":{"type":"string","description_kind":"plain","computed":true},"monitoring_manage_jobs":{"type":"bool","description_kind":"plain","optional":true},"monitoring_manage_lists":{"type":"bool","description_kind":"plain","optional":true},"monitoring_view_jobs":{"type":"bool","description_kind":"plain","optional":true},"name":{"type":"string","description_kind":"plain","required":true},"security_manage_active_directory":{"type":"bool","description_kind":"plain","optional":true},"security_manage_global_2fa":{"type":"bool","description_kind":"plain","optional":true},"teams":{"type":["list","string"],"description_kind":"plain","optional":true}},"description_kind":"plain"}},"ns1_datafeed":{"version":0,"block":{"attributes":{"config":{"type":["map","string"],"description_kind":"plain","optional":true},"id":{"type":"string","description_kind":"plain","optional":true,"computed":true},"name":{"type":"string","description_kind":"plain","required":true},"source_id":{"type":"string","description_kind":"plain","required":true}},"description_kind":"plain"}},"ns1_datasource":{"version":0,"block":{"attributes":{"config":{"type":["map","string"],"description_kind":"plain","optional":true},"id":{"type":"string","description_kind":"plain","optional":true,"computed":true},"name":{"type":"string","description_kind":"plain","required":true},"sourcetype":{"type":"string","description_kind":"plain","required":true}},"description_kind":"plain"}},"ns1_monitoringjob":{"version":0,"block":{"attributes":{"active":{"type":"bool","description_kind":"plain","optional":true},"config":{"type":["map","string"],"description_kind":"plain","required":true},"frequency":{"type":"number","description_kind":"plain","required":true},"id":{"type":"string","description_kind":"plain","optional":true,"computed":true},"job_type":{"type":"string","description_kind":"plain","required":true},"name":{"type":"string","description_kind":"plain","required":true},"notes":{"type":"string","description_kind":"plain","optional":true},"notify_delay":{"type":"number","description_kind":"plain","optional":true},"notify_failback":{"type":"bool","description_kind":"plain","optional":true},"notify_list":{"type":"string","description_kind":"plain","optional":true},"notify_regional":{"type":"bool","description_kind":"plain","optional":true},"notify_repeat":{"type":"number","description_kind":"plain","optional":true},"policy":{"type":"string","description_kind":"plain","optional":true},"rapid_recheck":{"type":"bool","description_kind":"plain","optional":true},"regions":{"type":["list","string"],"description_kind":"plain","required":true}},"block_types":{"rules":{"nesting_mode":"list","block":{"attributes":{"comparison":{"type":"string","description_kind":"plain","required":true},"key":{"type":"string","description_kind":"plain","required":true},"value":{"type":"string","description_kind":"plain","required":true}},"description_kind":"plain"}}},"description_kind":"plain"}},"ns1_notifylist":{"version":0,"block":{"attributes":{"id":{"type":"string","description_kind":"plain","optional":true,"computed":true},"name":{"type":"string","description_kind":"plain","required":true}},"block_types":{"notifications":{"nesting_mode":"list","block":{"attributes":{"config":{"type":["map","string"],"description_kind":"plain","required":true},"type":{"type":"string","description_kind":"plain","required":true}},"description_kind":"plain"}}},"description_kind":"plain"}},"ns1_record":{"version":0,"block":{"attributes":{"domain":{"type":"string","description_kind":"plain","required":true},"id":{"type":"string","description_kind":"plain","optional":true,"computed":true},"link":{"type":"string","description_kind":"plain","optional":true},"meta":{"type":["map","string"],"description_kind":"plain","optional":true},"short_answers":{"type":["list","string"],"description_kind":"plain","optional":true},"ttl":{"type":"number","description_kind":"plain","optional":true,"computed":true},"type":{"type":"string","description_kind":"plain","required":true},"use_client_subnet":{"type":"bool","description_kind":"plain","optional":true},"zone":{"type":"string","description_kind":"plain","required":true}},"block_types":{"answers":{"nesting_mode":"list","block":{"attributes":{"answer":{"type":"string","description_kind":"plain","optional":true},"meta":{"type":["map","string"],"description_kind":"plain","optional":true},"region":{"type":"string","description_kind":"plain","optional":true}},"description_kind":"plain"}},"filters":{"nesting_mode":"list","block":{"attributes":{"config":{"type":["map","string"],"description_kind":"plain","optional":true},"disabled":{"type":"bool","description_kind":"plain","optional":true},"filter":{"type":"string","description_kind":"plain","required":true}},"description_kind":"plain"}},"regions":{"nesting_mode":"list","block":{"attributes":{"meta":{"type":["map","string"],"description_kind":"plain","optional":true},"name":{"type":"string","description_kind":"plain","required":true}},"description_kind":"plain"}}},"description_kind":"plain"}},"ns1_team":{"version":1,"block":{"attributes":{"account_manage_account_settings":{"type":"bool","description_kind":"plain","optional":true},"account_manage_apikeys":{"type":"bool","description_kind":"plain","optional":true},"account_manage_payment_methods":{"type":"bool","description_kind":"plain","optional":true},"account_manage_plan":{"type":"bool","description_kind":"plain","optional":true},"account_manage_teams":{"type":"bool","description_kind":"plain","optional":true},"account_manage_users":{"type":"bool","description_kind":"plain","optional":true},"account_view_activity_log":{"type":"bool","description_kind":"plain","optional":true},"account_view_invoices":{"type":"bool","description_kind":"plain","optional":true},"data_manage_datafeeds":{"type":"bool","description_kind":"plain","optional":true},"data_manage_datasources":{"type":"bool","description_kind":"plain","optional":true},"data_push_to_datafeeds":{"type":"bool","description_kind":"plain","optional":true},"dhcp_manage_dhcp":{"type":"bool","description_kind":"plain","optional":true},"dhcp_view_dhcp":{"type":"bool","description_kind":"plain","optional":true},"dns_manage_zones":{"type":"bool","description_kind":"plain","optional":true},"dns_view_zones":{"type":"bool","description_kind":"plain","optional":true},"dns_zones_allow":{"type":["list","string"],"description_kind":"plain","optional":true},"dns_zones_allow_by_default":{"type":"bool","description_kind":"plain","optional":true},"dns_zones_deny":{"type":["list","string"],"description_kind":"plain","optional":true},"id":{"type":"string","description_kind":"plain","optional":true,"computed":true},"ipam_manage_ipam":{"type":"bool","description_kind":"plain","optional":true},"ipam_view_ipam":{"type":"bool","description_kind":"plain","optional":true},"monitoring_manage_jobs":{"type":"bool","description_kind":"plain","optional":true},"monitoring_manage_lists":{"type":"bool","description_kind":"plain","optional":true},"monitoring_view_jobs":{"type":"bool","description_kind":"plain","optional":true},"name":{"type":"string","description_kind":"plain","required":true},"security_manage_active_directory":{"type":"bool","description_kind":"plain","optional":true},"security_manage_global_2fa":{"type":"bool","description_kind":"plain","optional":true}},"block_types":{"ip_whitelist":{"nesting_mode":"list","block":{"attributes":{"name":{"type":"string","description_kind":"plain","required":true},"values":{"type":["list","string"],"description_kind":"plain","required":true}},"description_kind":"plain"}}},"description_kind":"plain"}},"ns1_user":{"version":1,"block":{"attributes":{"account_manage_account_settings":{"type":"bool","description_kind":"plain","optional":true},"account_manage_apikeys":{"type":"bool","description_kind":"plain","optional":true},"account_manage_payment_methods":{"type":"bool","description_kind":"plain","optional":true},"account_manage_plan":{"type":"bool","description_kind":"plain","optional":true},"account_manage_teams":{"type":"bool","description_kind":"plain","optional":true},"account_manage_users":{"type":"bool","description_kind":"plain","optional":true},"account_view_activity_log":{"type":"bool","description_kind":"plain","optional":true},"account_view_invoices":{"type":"bool","description_kind":"plain","optional":true},"data_manage_datafeeds":{"type":"bool","description_kind":"plain","optional":true},"data_manage_datasources":{"type":"bool","description_kind":"plain","optional":true},"data_push_to_datafeeds":{"type":"bool","description_kind":"plain","optional":true},"dhcp_manage_dhcp":{"type":"bool","description_kind":"plain","optional":true},"dhcp_view_dhcp":{"type":"bool","description_kind":"plain","optional":true},"dns_manage_zones":{"type":"bool","description_kind":"plain","optional":true},"dns_view_zones":{"type":"bool","description_kind":"plain","optional":true},"dns_zones_allow":{"type":["list","string"],"description_kind":"plain","optional":true},"dns_zones_allow_by_default":{"type":"bool","description_kind":"plain","optional":true},"dns_zones_deny":{"type":["list","string"],"description_kind":"plain","optional":true},"email":{"type":"string","description_kind":"plain","required":true},"id":{"type":"string","description_kind":"plain","optional":true,"computed":true},"ip_whitelist":{"type":["list","string"],"description_kind":"plain","optional":true},"ip_whitelist_strict":{"type":"bool","description_kind":"plain","optional":true},"ipam_manage_ipam":{"type":"bool","description_kind":"plain","optional":true},"ipam_view_ipam":{"type":"bool","description_kind":"plain","optional":true},"monitoring_manage_jobs":{"type":"bool","description_kind":"plain","optional":true},"monitoring_manage_lists":{"type":"bool","description_kind":"plain","optional":true},"monitoring_view_jobs":{"type":"bool","description_kind":"plain","optional":true},"name":{"type":"string","description_kind":"plain","required":true},"notify":{"type":["map","bool"],"description_kind":"plain","optional":true},"security_manage_active_directory":{"type":"bool","description_kind":"plain","optional":true},"security_manage_global_2fa":{"type":"bool","description_kind":"plain","optional":true},"teams":{"type":["list","string"],"description_kind":"plain","optional":true},"username":{"type":"string","description_kind":"plain","required":true}},"description_kind":"plain"}},"ns1_zone":{"version":0,"block":{"attributes":{"additional_primaries":{"type":["list","string"],"description_kind":"plain","optional":true},"autogenerate_ns_record":{"type":"bool","description_kind":"plain","optional":true},"dns_servers":{"type":"string","description_kind":"plain","computed":true},"dnssec":{"type":"bool","description_kind":"plain","optional":true,"computed":true},"expiry":{"type":"number","description_kind":"plain","optional":true,"computed":true},"hostmaster":{"type":"string","description_kind":"plain","computed":true},"id":{"type":"string","description_kind":"plain","optional":true,"computed":true},"link":{"type":"string","description_kind":"plain","optional":true},"networks":{"type":["set","number"],"description_kind":"plain","optional":true,"computed":true},"nx_ttl":{"type":"number","description_kind":"plain","optional":true,"computed":true},"primary":{"type":"string","description_kind":"plain","optional":true},"refresh":{"type":"number","description_kind":"plain","optional":true,"computed":true},"retry":{"type":"number","description_kind":"plain","optional":true,"computed":true},"ttl":{"type":"number","description_kind":"plain","optional":true,"computed":true},"zone":{"type":"string","description_kind":"plain","required":true}},"block_types":{"secondaries":{"nesting_mode":"set","block":{"attributes":{"ip":{"type":"string","description_kind":"plain","required":true},"networks":{"type":["set","number"],"description_kind":"plain","computed":true},"notify":{"type":"bool","description_kind":"plain","optional":true,"computed":true},"port":{"type":"number","description_kind":"plain","optional":true,"computed":true}},"description_kind":"plain"}}},"description_kind":"plain"}}},"data_source_schemas":{"ns1_dnssec":{"version":0,"block":{"attributes":{"delegation":{"type":["list",["object",{"dnskey":["list",["object",{"algorithm":"string","flags":"string","protocol":"string","public_key":"string"}]],"ds":["list",["object",{"algorithm":"string","flags":"string","protocol":"string","public_key":"string"}]],"ttl":"number"}]],"description_kind":"plain","computed":true},"id":{"type":"string","description_kind":"plain","optional":true,"computed":true},"keys":{"type":["list",["object",{"dnskey":["list",["object",{"algorithm":"string","flags":"string","protocol":"string","public_key":"string"}]],"ttl":"number"}]],"description_kind":"plain","computed":true},"zone":{"type":"string","description_kind":"plain","required":true}},"description_kind":"plain"}},"ns1_record":{"version":0,"block":{"attributes":{"answers":{"type":["list",["object",{"answer":"string","meta":["map","string"],"region":"string"}]],"description_kind":"plain","computed":true},"domain":{"type":"string","description_kind":"plain","required":true},"filters":{"type":["list",["object",{"config":["map","string"],"disabled":"bool","filter":"string"}]],"description_kind":"plain","computed":true},"id":{"type":"string","description_kind":"plain","optional":true,"computed":true},"link":{"type":"string","description_kind":"plain","computed":true},"meta":{"type":["map","string"],"description_kind":"plain","computed":true},"regions":{"type":["list",["object",{"meta":["map","string"],"name":"string"}]],"description_kind":"plain","computed":true},"short_answers":{"type":["list","string"],"description_kind":"plain","computed":true},"ttl":{"type":"number","description_kind":"plain","computed":true},"type":{"type":"string","description_kind":"plain","required":true},"use_client_subnet":{"type":"bool","description_kind":"plain","computed":true},"zone":{"type":"string","description_kind":"plain","required":true}},"description_kind":"plain"}},"ns1_zone":{"version":0,"block":{"attributes":{"additional_primaries":{"type":["list","string"],"description_kind":"plain","optional":true},"dns_servers":{"type":"string","description_kind":"plain","computed":true},"dnssec":{"type":"bool","description_kind":"plain","computed":true},"expiry":{"type":"number","description_kind":"plain","computed":true},"hostmaster":{"type":"string","description_kind":"plain","computed":true},"id":{"type":"string","description_kind":"plain","optional":true,"computed":true},"link":{"type":"string","description_kind":"plain","computed":true},"networks":{"type":["set","number"],"description_kind":"plain","computed":true},"nx_ttl":{"type":"number","description_kind":"plain","computed":true},"primary":{"type":"string","description_kind":"plain","computed":true},"refresh":{"type":"number","description_kind":"plain","computed":true},"retry":{"type":"number","description_kind":"plain","computed":true},"secondaries":{"type":["set",["object",{"ip":"string","networks":["set","number"],"notify":"bool","port":"number"}]],"description_kind":"plain","computed":true},"ttl":{"type":"number","description_kind":"plain","computed":true},"zone":{"type":"string","description_kind":"plain","required":true}},"description_kind":"plain"}}}}}}
