{"format_version":"0.1","provider_schemas":{"registry.terraform.io/carwow/hirefire":{"provider":{"version":0,"block":{"attributes":{"api_key":{"type":"string","description_kind":"plain","optional":true}},"description_kind":"plain"}},"resource_schemas":{"hirefire_account":{"version":0,"block":{"attributes":{"id":{"type":"string","description_kind":"plain","optional":true,"computed":true},"organization_id":{"type":"string","description_kind":"plain","required":true}},"description_kind":"plain"}},"hirefire_application":{"version":0,"block":{"attributes":{"account_id":{"type":"string","description_kind":"plain","required":true},"custom_domain":{"type":"string","description_kind":"plain","optional":true},"id":{"type":"string","description_kind":"plain","optional":true,"computed":true},"logplex_drain_token":{"type":"string","description_kind":"plain","optional":true},"name":{"type":"string","description_kind":"plain","required":true},"new_issue_notifications":{"type":"bool","description_kind":"plain","optional":true},"resolved_issue_notifications":{"type":"bool","description_kind":"plain","optional":true},"restart_crashed_dynos":{"type":"bool","description_kind":"plain","optional":true},"ssl":{"type":"bool","description_kind":"plain","optional":true}},"description_kind":"plain"}},"hirefire_manager":{"version":0,"block":{"attributes":{"aggregation":{"type":"string","description_kind":"plain","optional":true},"application_id":{"type":"string","description_kind":"plain","required":true},"decrementable":{"type":"bool","description_kind":"plain","optional":true},"downscale_limit":{"type":"number","description_kind":"plain","optional":true},"downscale_quantity":{"type":"number","description_kind":"plain","optional":true},"downscale_sensitivity":{"type":"number","description_kind":"plain","optional":true},"downscale_timeout":{"type":"number","description_kind":"plain","optional":true},"enabled":{"type":"bool","description_kind":"plain","required":true},"id":{"type":"string","description_kind":"plain","optional":true,"computed":true},"last_minutes":{"type":"number","description_kind":"plain","optional":true},"maximum":{"type":"number","description_kind":"plain","required":true},"maximum_apdex":{"type":"number","description_kind":"plain","optional":true},"maximum_load":{"type":"number","description_kind":"plain","optional":true},"maximum_queue_time":{"type":"number","description_kind":"plain","optional":true},"maximum_response_time":{"type":"number","description_kind":"plain","optional":true},"minimum":{"type":"number","description_kind":"plain","required":true},"minimum_apdex":{"type":"number","description_kind":"plain","optional":true},"minimum_load":{"type":"number","description_kind":"plain","optional":true},"minimum_queue_time":{"type":"number","description_kind":"plain","optional":true},"minimum_response_time":{"type":"number","description_kind":"plain","optional":true},"name":{"type":"string","description_kind":"plain","required":true},"new_relic_account_id":{"type":"string","description_kind":"plain","optional":true},"new_relic_api_key":{"type":"string","description_kind":"plain","optional":true,"sensitive":true},"new_relic_app_id":{"type":"string","description_kind":"plain","optional":true},"notify":{"type":"bool","description_kind":"plain","optional":true},"notify_after":{"type":"number","description_kind":"plain","optional":true},"notify_quantity":{"type":"number","description_kind":"plain","optional":true},"percentile":{"type":"number","description_kind":"plain","optional":true},"ratio":{"type":"number","description_kind":"plain","optional":true},"scale_up_on_503":{"type":"bool","description_kind":"plain","optional":true},"type":{"type":"string","description_kind":"plain","required":true},"upscale_limit":{"type":"number","description_kind":"plain","optional":true},"upscale_quantity":{"type":"number","description_kind":"plain","optional":true},"upscale_sensitivity":{"type":"number","description_kind":"plain","optional":true},"upscale_timeout":{"type":"number","description_kind":"plain","optional":true},"url":{"type":"string","description_kind":"plain","optional":true}},"description_kind":"plain"}},"hirefire_membership":{"version":0,"block":{"attributes":{"id":{"type":"string","description_kind":"plain","optional":true,"computed":true},"organization_id":{"type":"string","description_kind":"plain","required":true},"owner":{"type":"bool","description_kind":"plain","optional":true},"user_id":{"type":"string","description_kind":"plain","required":true}},"description_kind":"plain"}},"hirefire_organization":{"version":0,"block":{"attributes":{"id":{"type":"string","description_kind":"plain","optional":true,"computed":true},"name":{"type":"string","description_kind":"plain","required":true},"time_zone":{"type":"string","description_kind":"plain","required":true}},"description_kind":"plain"}},"hirefire_recipient":{"version":0,"block":{"attributes":{"application_id":{"type":"string","description_kind":"plain","required":true},"email":{"type":"string","description_kind":"plain","required":true},"id":{"type":"string","description_kind":"plain","optional":true,"computed":true}},"description_kind":"plain"}},"hirefire_time_range":{"version":0,"block":{"attributes":{"friday":{"type":"bool","description_kind":"plain","optional":true},"from_minute":{"type":"number","description_kind":"plain","required":true},"id":{"type":"string","description_kind":"plain","optional":true,"computed":true},"manager_id":{"type":"string","description_kind":"plain","required":true},"maximum":{"type":"number","description_kind":"plain","required":true},"minimum":{"type":"number","description_kind":"plain","required":true},"monday":{"type":"bool","description_kind":"plain","optional":true},"position":{"type":"number","description_kind":"plain","optional":true},"saturday":{"type":"bool","description_kind":"plain","optional":true},"sunday":{"type":"bool","description_kind":"plain","optional":true},"thursday":{"type":"bool","description_kind":"plain","optional":true},"tuesday":{"type":"bool","description_kind":"plain","optional":true},"until_minute":{"type":"number","description_kind":"plain","required":true},"wednesday":{"type":"bool","description_kind":"plain","optional":true}},"description_kind":"plain"}}},"data_source_schemas":{"hirefire_user":{"version":0,"block":{"attributes":{"email":{"type":"string","description_kind":"plain","computed":true},"id":{"type":"string","description_kind":"plain","required":true},"notifications":{"type":"bool","description_kind":"plain","computed":true}},"description_kind":"plain"}}}}}}
