{"format_version":"0.1","provider_schemas":{"registry.terraform.io/cappyzawa/concourse":{"provider":{"version":0,"block":{"attributes":{"password":{"type":"string","description_kind":"plain","required":true,"sensitive":true},"url":{"type":"string","description_kind":"plain","required":true},"username":{"type":"string","description_kind":"plain","required":true}},"description_kind":"plain"}},"resource_schemas":{"concourse_team":{"version":0,"block":{"attributes":{"id":{"type":"string","description_kind":"plain","optional":true,"computed":true},"member_groups":{"type":["list","string"],"description_kind":"plain","optional":true},"member_users":{"type":["list","string"],"description_kind":"plain","optional":true},"name":{"type":"string","description_kind":"plain","required":true},"owner_groups":{"type":["list","string"],"description_kind":"plain","optional":true},"owner_users":{"type":["list","string"],"description_kind":"plain","optional":true},"pipeline_operator_groups":{"type":["list","string"],"description_kind":"plain","optional":true},"pipeline_operator_users":{"type":["list","string"],"description_kind":"plain","optional":true},"viewer_groups":{"type":["list","string"],"description_kind":"plain","optional":true},"viewer_users":{"type":["list","string"],"description_kind":"plain","optional":true}},"description_kind":"plain"}}},"data_source_schemas":{"concourse_team":{"version":0,"block":{"attributes":{"id":{"type":"string","description_kind":"plain","optional":true,"computed":true},"member_groups":{"type":["list","string"],"description_kind":"plain","computed":true},"member_users":{"type":["list","string"],"description_kind":"plain","computed":true},"name":{"type":"string","description_kind":"plain","required":true},"owner_groups":{"type":["list","string"],"description_kind":"plain","computed":true},"owner_users":{"type":["list","string"],"description_kind":"plain","computed":true},"pipeline_operator_groups":{"type":["list","string"],"description_kind":"plain","computed":true},"pipeline_operator_users":{"type":["list","string"],"description_kind":"plain","computed":true},"viewer_groups":{"type":["list","string"],"description_kind":"plain","computed":true},"viewer_users":{"type":["list","string"],"description_kind":"plain","computed":true}},"description_kind":"plain"}}}}}}
