{"format_version":"0.1","provider_schemas":{"registry.terraform.io/navercloudplatform/ncloud":{"provider":{"version":0,"block":{"attributes":{"access_key":{"type":"string","description":"Access key of ncloud","description_kind":"plain","required":true},"region":{"type":"string","description":"Region of ncloud","description_kind":"plain","optional":true},"secret_key":{"type":"string","description":"Secret key of ncloud","description_kind":"plain","required":true},"site":{"type":"string","description":"Site of ncloud (public / gov / fin)","description_kind":"plain","optional":true}},"description_kind":"plain"}},"resource_schemas":{"ncloud_block_storage":{"version":0,"block":{"attributes":{"description":{"type":"string","description":"Block storage description","description_kind":"plain","optional":true},"device_name":{"type":"string","description_kind":"plain","computed":true},"disk_detail_type":{"type":"string","description":"You can choose a disk detail type code of HDD and SSD. default: HDD","description_kind":"plain","optional":true,"computed":true},"disk_type":{"type":"string","description_kind":"plain","computed":true},"id":{"type":"string","description_kind":"plain","optional":true,"computed":true},"instance_no":{"type":"string","description_kind":"plain","computed":true},"instance_operation":{"type":"string","description_kind":"plain","computed":true},"instance_status":{"type":"string","description_kind":"plain","computed":true},"instance_status_name":{"type":"string","description_kind":"plain","computed":true},"name":{"type":"string","description":"Block storage name. default: Assigned by Ncloud","description_kind":"plain","optional":true},"product_code":{"type":"string","description_kind":"plain","computed":true},"server_instance_no":{"type":"string","description":"Server instance number to attach. Required value. The server instance number can be obtained through the getServerInstanceList action.","description_kind":"plain","required":true},"server_name":{"type":"string","description_kind":"plain","computed":true},"size":{"type":"number","description":"Enter the block storage size to be created. You can enter in GB units, and you can only enter up to 1000 GB.","description_kind":"plain","required":true},"type":{"type":"string","description_kind":"plain","computed":true}},"block_types":{"timeouts":{"nesting_mode":"single","block":{"attributes":{"create":{"type":"string","description_kind":"plain","optional":true},"delete":{"type":"string","description_kind":"plain","optional":true}},"description_kind":"plain"}}},"description_kind":"plain"}},"ncloud_block_storage_snapshot":{"version":0,"block":{"attributes":{"block_storage_instance_no":{"type":"string","description":"Block storage instance No for creating snapshot.","description_kind":"plain","required":true},"description":{"type":"string","description":"Descriptions on a snapshot to create","description_kind":"plain","optional":true,"computed":true},"id":{"type":"string","description_kind":"plain","optional":true,"computed":true},"instance_description":{"type":"string","description":"Block Storage Snapshot Instance Description","description_kind":"plain","computed":true},"instance_no":{"type":"string","description":"Block Storage Snapshot Instance Number","description_kind":"plain","computed":true},"instance_operation":{"type":"string","description":"Block Storage Snapshot Instance Operation","description_kind":"plain","computed":true},"instance_status":{"type":"string","description":"Block Storage Snapshot Instance Status","description_kind":"plain","optional":true,"computed":true},"instance_status_name":{"type":"string","description":"Block Storage Snapshot Instance Status Name","description_kind":"plain","optional":true,"computed":true},"name":{"type":"string","description":"Block storage snapshot name to create. default : Ncloud assigns default values.","description_kind":"plain","optional":true,"computed":true},"original_block_storage_instance_no":{"type":"string","description":"Original Block Storage Instance Number","description_kind":"plain","computed":true},"original_block_storage_name":{"type":"string","description":"Original Block Storage Name","description_kind":"plain","computed":true},"os_information":{"type":"string","description":"OS Information","description_kind":"plain","computed":true},"server_image_product_code":{"type":"string","description":"Server Image Product Code","description_kind":"plain","computed":true},"volume_size":{"type":"number","description":"Block Storage Snapshot Volume Size","description_kind":"plain","computed":true}},"block_types":{"timeouts":{"nesting_mode":"single","block":{"attributes":{"create":{"type":"string","description_kind":"plain","optional":true},"delete":{"type":"string","description_kind":"plain","optional":true}},"description_kind":"plain"}}},"description_kind":"plain"}},"ncloud_load_balancer":{"version":0,"block":{"attributes":{"algorithm_type":{"type":"string","description":"Load balancer algorithm type code. The available algorithms are as follows: [ROUND ROBIN (RR) | LEAST_CONNECTION (LC)]. Default: ROUND ROBIN (RR)","description_kind":"plain","optional":true,"computed":true},"certificate_name":{"type":"string","description_kind":"plain","computed":true},"connection_timeout":{"type":"number","description_kind":"plain","computed":true},"description":{"type":"string","description":"Description of a load balancer to create","description_kind":"plain","optional":true},"domain_name":{"type":"string","description_kind":"plain","computed":true},"id":{"type":"string","description_kind":"plain","optional":true,"computed":true},"instance_no":{"type":"string","description_kind":"plain","computed":true},"instance_operation":{"type":"string","description_kind":"plain","computed":true},"instance_status":{"type":"string","description_kind":"plain","computed":true},"instance_status_name":{"type":"string","description_kind":"plain","computed":true},"internet_line_type":{"type":"string","description":"Internet line identification code. PUBLC(Public), GLBL(Global). default : PUBLC(Public)","description_kind":"plain","optional":true,"computed":true},"is_http_keep_alive":{"type":"bool","description_kind":"plain","computed":true},"load_balanced_server_instance_list":{"type":["list","string"],"description_kind":"plain","computed":true},"name":{"type":"string","description":"Name of a load balancer to create. Default: Automatically specified by Ncloud.","description_kind":"plain","optional":true},"network_usage_type":{"type":"string","description":"Network usage identification code. PBLIP(PublicIp), PRVT(PrivateIP). default : PBLIP(PublicIp)","description_kind":"plain","optional":true,"computed":true},"region":{"type":"string","description":"Region code. Get available values using the `data ncloud_regions`.","description_kind":"plain","optional":true},"server_instance_no_list":{"type":["list","string"],"description":"List of server instance numbers to be bound to the load balancer","description_kind":"plain","optional":true},"virtual_ip":{"type":"string","description_kind":"plain","computed":true}},"block_types":{"rule_list":{"nesting_mode":"list","block":{"attributes":{"certificate_name":{"type":"string","description":"Load balancer SSL certificate. Required when the protocol_type value is SSL/HTTPS.","description_kind":"plain","optional":true},"l7_health_check_path":{"type":"string","description":"Health check path of load balancer rules. Required when the protocol_type is HTTP/HTTPS.","description_kind":"plain","optional":true},"load_balancer_port":{"type":"number","description":"Load balancer port of load balancer rules","description_kind":"plain","required":true},"protocol_type":{"type":"string","description":"Protocol type code of load balancer rules. The following codes are available. [HTTP | HTTPS | TCP | SSL]","description_kind":"plain","required":true},"proxy_protocol_use_yn":{"type":"string","description":"Use 'Y' if you want to check client IP addresses by enabling the proxy protocol while you select TCP or SSL.","description_kind":"plain","optional":true},"server_port":{"type":"number","description":"Server port of load balancer rules","description_kind":"plain","required":true}},"description":"Load balancer rules are required to create a load balancer.","description_kind":"plain"},"min_items":1},"timeouts":{"nesting_mode":"single","block":{"attributes":{"create":{"type":"string","description_kind":"plain","optional":true},"delete":{"type":"string","description_kind":"plain","optional":true},"update":{"type":"string","description_kind":"plain","optional":true}},"description_kind":"plain"}}},"description_kind":"plain"}},"ncloud_load_balancer_ssl_certificate":{"version":0,"block":{"attributes":{"certificate_chain":{"type":"string","description":"Chainca certificate (Required if the certificate is issued with a chainca)","description_kind":"plain","optional":true},"certificate_name":{"type":"string","description":"Name of a certificate to add","description_kind":"plain","required":true},"id":{"type":"string","description_kind":"plain","optional":true,"computed":true},"privatekey":{"type":"string","description":"Private key for a certificate","description_kind":"plain","required":true},"publickey_certificate":{"type":"string","description":"Public key for a certificate","description_kind":"plain","required":true}},"block_types":{"timeouts":{"nesting_mode":"single","block":{"attributes":{"create":{"type":"string","description_kind":"plain","optional":true},"delete":{"type":"string","description_kind":"plain","optional":true}},"description_kind":"plain"}}},"description_kind":"plain"}},"ncloud_login_key":{"version":0,"block":{"attributes":{"fingerprint":{"type":"string","description_kind":"plain","computed":true},"id":{"type":"string","description_kind":"plain","optional":true,"computed":true},"key_name":{"type":"string","description":"Key name to generate. If the generated key name exists, an error occurs.","description_kind":"plain","required":true},"private_key":{"type":"string","description_kind":"plain","computed":true,"sensitive":true}},"block_types":{"timeouts":{"nesting_mode":"single","block":{"attributes":{"create":{"type":"string","description_kind":"plain","optional":true},"delete":{"type":"string","description_kind":"plain","optional":true}},"description_kind":"plain"}}},"description_kind":"plain"}},"ncloud_nas_volume":{"version":0,"block":{"attributes":{"cifs_user_name":{"type":"string","description":"CIFS user name. The ID must contain a combination of English alphabet and numbers, which can be 6-20 characters in length.","description_kind":"plain","optional":true},"cifs_user_password":{"type":"string","description":"CIFS user password. The password must contain a combination of at least 2 English letters, numbers and special characters, which can be 8-14 characters in length.","description_kind":"plain","optional":true},"custom_ip_list":{"type":["list","string"],"description":"To add a server of another account to the NAS volume, enter a private IP address of the server.","description_kind":"plain","optional":true},"description":{"type":"string","description":"NAS volume description","description_kind":"plain","optional":true},"id":{"type":"string","description_kind":"plain","optional":true,"computed":true},"instance_custom_ip_list":{"type":["list","string"],"description":"NAS volume instance custom IP list","description_kind":"plain","computed":true},"instance_status":{"type":"string","description":"NAS Volume instance status","description_kind":"plain","computed":true},"is_event_configuration":{"type":"bool","description":"Indicates whether the event is set.","description_kind":"plain","computed":true},"is_snapshot_configuration":{"type":"bool","description":"Indicates whether a snapshot volume is set.","description_kind":"plain","computed":true},"region":{"type":"string","description":"Region code. Get available values using the `data ncloud_regions`.","description_kind":"plain","optional":true,"computed":true},"server_instance_no_list":{"type":["list","string"],"description":"List of server instance numbers for which access to NFS is to be controlled","description_kind":"plain","optional":true},"snapshot_volume_size":{"type":"number","description":"Snapshot volume size","description_kind":"plain","computed":true},"snapshot_volume_use_ratio":{"type":"number","description":"Snapshot volume use ratio","description_kind":"plain","computed":true},"snapshot_volume_use_size":{"type":"number","description":"Snapshot volume use size","description_kind":"plain","computed":true},"volume_allotment_protocol_type":{"type":"string","description":"Volume allotment protocol type code. `NFS` | `CIFS`","description_kind":"plain","required":true},"volume_name":{"type":"string","description":"NAS volume name.","description_kind":"plain","computed":true},"volume_name_postfix":{"type":"string","description":"Name of a NAS volume to create. Enter a volume name that can be 3-20 characters in length after the name already entered for user identification.","description_kind":"plain","required":true},"volume_size":{"type":"number","description":"Enter the nas volume size to be created. You can enter in GB units.","description_kind":"plain","required":true},"volume_total_size":{"type":"number","description":"Volume total size","description_kind":"plain","computed":true},"volume_use_ratio":{"type":"number","description":"Volume use ratio","description_kind":"plain","computed":true},"volume_use_size":{"type":"number","description":"Volume use size","description_kind":"plain","computed":true},"zone":{"type":"string","description":"Zone code. Zone in which you want to create a NAS volume.","description_kind":"plain","optional":true,"computed":true}},"block_types":{"timeouts":{"nesting_mode":"single","block":{"attributes":{"create":{"type":"string","description_kind":"plain","optional":true},"delete":{"type":"string","description_kind":"plain","optional":true}},"description_kind":"plain"}}},"description_kind":"plain"}},"ncloud_port_forwarding_rule":{"version":0,"block":{"attributes":{"id":{"type":"string","description_kind":"plain","optional":true,"computed":true},"port_forwarding_configuration_no":{"type":"string","description":"Port forwarding configuration number.","description_kind":"plain","optional":true},"port_forwarding_external_port":{"type":"number","description":"External port for port forwarding","description_kind":"plain","required":true},"port_forwarding_internal_port":{"type":"number","description":"Internal port for port forwarding. Only the following ports are available. [Linux: `22` | Windows: `3389`]","description_kind":"plain","required":true},"port_forwarding_public_ip":{"type":"string","description":"Port forwarding Public IP","description_kind":"plain","computed":true},"server_instance_no":{"type":"string","description":"Server instance number for which port forwarding is set","description_kind":"plain","required":true},"zone":{"type":"string","description":"Zone info","description_kind":"plain","computed":true}},"block_types":{"timeouts":{"nesting_mode":"single","block":{"attributes":{"create":{"type":"string","description_kind":"plain","optional":true},"delete":{"type":"string","description_kind":"plain","optional":true}},"description_kind":"plain"}}},"description_kind":"plain"}},"ncloud_public_ip":{"version":0,"block":{"attributes":{"description":{"type":"string","description":"Public IP description.","description_kind":"plain","optional":true},"id":{"type":"string","description_kind":"plain","optional":true,"computed":true},"instance_no":{"type":"string","description_kind":"plain","computed":true},"instance_operation":{"type":"string","description_kind":"plain","computed":true},"instance_status":{"type":"string","description_kind":"plain","computed":true},"instance_status_name":{"type":"string","description_kind":"plain","computed":true},"internet_line_type":{"type":"string","description":"Internet line code. PUBLC(Public), GLBL(Global)","description_kind":"plain","optional":true,"computed":true},"kind_type":{"type":"string","description_kind":"plain","computed":true},"public_ip":{"type":"string","description_kind":"plain","computed":true},"server_instance_no":{"type":"string","description":"Server instance No. to assign after creating a public IP. You can get one by calling getPublicIpTargetServerInstanceList.","description_kind":"plain","optional":true},"zone":{"type":"string","description":"Zone code. You can determine the ZONE where the server will be created. It can be obtained through the getZoneList action. Default : Assigned by NAVER Cloud Platform.","description_kind":"plain","optional":true,"computed":true}},"description_kind":"plain"}},"ncloud_server":{"version":0,"block":{"attributes":{"access_control_group_configuration_no_list":{"type":["list","string"],"description":"You can set the ACG created when creating the server. ACG setting number can be obtained through the getAccessControlGroupList action. Default : Default ACG number","description_kind":"plain","optional":true},"base_block_storage_disk_detail_type":{"type":"string","description_kind":"plain","computed":true},"base_block_storage_disk_type":{"type":"string","description_kind":"plain","computed":true},"base_block_storage_size":{"type":"number","description_kind":"plain","computed":true},"cpu_count":{"type":"number","description_kind":"plain","computed":true},"description":{"type":"string","description":"Server description to create","description_kind":"plain","optional":true},"fee_system_type_code":{"type":"string","description":"A rate system identification code. There are time plan(MTRAT) and flat rate (FXSUM). Default : Time plan(MTRAT)","description_kind":"plain","optional":true},"id":{"type":"string","description_kind":"plain","optional":true,"computed":true},"instance_no":{"type":"string","description_kind":"plain","computed":true},"instance_operation":{"type":"string","description_kind":"plain","computed":true},"instance_status":{"type":"string","description_kind":"plain","computed":true},"instance_status_name":{"type":"string","description_kind":"plain","computed":true},"internet_line_type":{"type":"string","description":"Internet line identification code. PUBLC(Public), GLBL(Global). default : PUBLC(Public)","description_kind":"plain","optional":true,"computed":true},"is_fee_charging_monitoring":{"type":"bool","description_kind":"plain","computed":true},"is_protect_server_termination":{"type":"bool","description":"You can set whether or not to protect return when creating. default : false","description_kind":"plain","optional":true},"login_key_name":{"type":"string","description":"The login key name to encrypt with the public key. Default : Uses the most recently created login key name","description_kind":"plain","optional":true},"member_server_image_no":{"type":"string","description":"Required value when creating a server from a manually created server image. It can be obtained through the getMemberServerImageList action.","description_kind":"plain","optional":true},"memory_size":{"type":"number","description_kind":"plain","computed":true},"name":{"type":"string","description":"Server name to create. default: Assigned by ncloud","description_kind":"plain","optional":true},"platform_type":{"type":"string","description_kind":"plain","computed":true},"port_forwarding_external_port":{"type":"string","description_kind":"plain","computed":true},"port_forwarding_internal_port":{"type":"string","description_kind":"plain","computed":true},"port_forwarding_public_ip":{"type":"string","description_kind":"plain","computed":true},"private_ip":{"type":"string","description_kind":"plain","computed":true},"public_ip":{"type":"string","description_kind":"plain","computed":true},"raid_type_name":{"type":"string","description":"Raid Type Name","description_kind":"plain","optional":true},"region":{"type":"string","description_kind":"plain","computed":true},"server_image_name":{"type":"string","description_kind":"plain","computed":true},"server_image_product_code":{"type":"string","description":"Server image product code to determine which server image to create. It can be obtained through getServerImageProductList. You are required to select one among two parameters: server image product code (server_image_product_code) and member server image number(member_server_image_no).","description_kind":"plain","optional":true},"server_product_code":{"type":"string","description":"Server product code to determine the server specification to create. It can be obtained through the getServerProductList action. Default : Selected as minimum specification. The minimum standards are 1. memory 2. CPU 3. basic block storage size 4. disk type (NET,LOCAL)","description_kind":"plain","optional":true},"user_data":{"type":"string","description":"The server will execute the user data script set by the user at first boot. To view the column, it is returned only when viewing the server instance. You must need base64 Encoding, URL Encoding before put in value of userData. If you don't URL Encoding again it occurs signature invalid error.","description_kind":"plain","optional":true},"zone":{"type":"string","description":"Zone code. You can determine the ZONE where the server will be created. It can be obtained through the getZoneList action. Default : Assigned by NAVER Cloud Platform.","description_kind":"plain","optional":true,"computed":true}},"block_types":{"tag_list":{"nesting_mode":"list","block":{"attributes":{"tag_key":{"type":"string","description":"Instance Tag Key","description_kind":"plain","required":true},"tag_value":{"type":"string","description":"Instance Tag Value","description_kind":"plain","required":true}},"description":"Instance tag list","description_kind":"plain"}},"timeouts":{"nesting_mode":"single","block":{"attributes":{"create":{"type":"string","description_kind":"plain","optional":true},"delete":{"type":"string","description_kind":"plain","optional":true}},"description_kind":"plain"}}},"description_kind":"plain"}},"ncloud_vpc":{"version":0,"block":{"attributes":{"id":{"type":"string","description_kind":"plain","optional":true,"computed":true},"ipv4_cidr_block":{"type":"string","description_kind":"plain","required":true},"name":{"type":"string","description_kind":"plain","required":true},"status":{"type":"string","description_kind":"plain","computed":true},"vpc_no":{"type":"string","description_kind":"plain","computed":true}},"description_kind":"plain"}}},"data_source_schemas":{"ncloud_access_control_group":{"version":0,"block":{"attributes":{"configuration_no":{"type":"string","description_kind":"plain","optional":true},"description":{"type":"string","description_kind":"plain","computed":true},"id":{"type":"string","description_kind":"plain","optional":true,"computed":true},"is_default_group":{"type":"bool","description_kind":"plain","optional":true},"name":{"type":"string","description_kind":"plain","optional":true}},"description_kind":"plain"}},"ncloud_access_control_groups":{"version":0,"block":{"attributes":{"access_control_groups":{"type":["list","string"],"description":"A List of access control group configuration no","description_kind":"plain","optional":true},"configuration_no_list":{"type":["list","string"],"description":"List of ACG configuration numbers you want to get","description_kind":"plain","optional":true},"id":{"type":"string","description_kind":"plain","optional":true,"computed":true},"is_default_group":{"type":"bool","description":"Indicates whether to get default groups only","description_kind":"plain","optional":true},"name":{"type":"string","description":"Name of the ACG you want to get","description_kind":"plain","optional":true},"output_file":{"type":"string","description_kind":"plain","optional":true}},"description_kind":"plain"}},"ncloud_access_control_rule":{"version":0,"block":{"attributes":{"access_control_group_configuration_no":{"type":"string","description":"Access control group setting number to search","description_kind":"plain","optional":true,"computed":true},"access_control_group_name":{"type":"string","description":"Access control group name to search","description_kind":"plain","optional":true},"configuration_no":{"type":"string","description":"Access control rule configuration no","description_kind":"plain","computed":true},"description":{"type":"string","description":"Access control rule description","description_kind":"plain","computed":true},"destination_port":{"type":"string","description":"Destination Port","description_kind":"plain","optional":true,"computed":true},"id":{"type":"string","description_kind":"plain","optional":true,"computed":true},"is_default_group":{"type":"bool","description":"Whether default group","description_kind":"plain","optional":true},"protocol_type":{"type":"string","description":"Protocol type code","description_kind":"plain","optional":true,"computed":true},"source_configuration_no":{"type":"string","description":"Source access control rule configuration no","description_kind":"plain","computed":true},"source_ip":{"type":"string","description":"Source IP","description_kind":"plain","computed":true},"source_name":{"type":"string","description":"Source access control rule name","description_kind":"plain","computed":true},"source_name_regex":{"type":"string","description":"A regex string to apply to the source access control rule list returned by ncloud","description_kind":"plain","optional":true}},"description_kind":"plain"}},"ncloud_access_control_rules":{"version":0,"block":{"attributes":{"access_control_group_configuration_no":{"type":"string","description":"Access control group setting number to search","description_kind":"plain","required":true},"access_control_rules":{"type":["list","string"],"description":"A list of access control rules configuration no","description_kind":"plain","computed":true},"id":{"type":"string","description_kind":"plain","optional":true,"computed":true},"output_file":{"type":"string","description_kind":"plain","optional":true},"source_name_regex":{"type":"string","description":"A regex string to apply to the ACG rule list returned by ncloud","description_kind":"plain","optional":true}},"description_kind":"plain"}},"ncloud_member_server_image":{"version":0,"block":{"attributes":{"block_storage_total_rows":{"type":"number","description":"Member server image block storage total rows","description_kind":"plain","computed":true},"block_storage_total_size":{"type":"number","description":"Member server image block storage total size","description_kind":"plain","computed":true},"description":{"type":"string","description":"Member server image description","description_kind":"plain","computed":true},"id":{"type":"string","description_kind":"plain","optional":true,"computed":true},"name":{"type":"string","description":"Member server image name","description_kind":"plain","computed":true},"name_regex":{"type":"string","description":"A regex string to apply to the member server image list returned by ncloud","description_kind":"plain","optional":true},"no":{"type":"string","description":"Member server image no","description_kind":"plain","computed":true},"no_list":{"type":["list","string"],"description":"List of member server images to view","description_kind":"plain","optional":true},"operation":{"type":"string","description":"Member server image operation","description_kind":"plain","computed":true},"original_base_block_storage_disk_type":{"type":"string","description":"Original base block storage disk type","description_kind":"plain","computed":true},"original_os_information":{"type":"string","description":"Original os information","description_kind":"plain","computed":true},"original_server_image_name":{"type":"string","description":"Original server image name","description_kind":"plain","computed":true},"original_server_image_product_code":{"type":"string","description":"Original server image product code","description_kind":"plain","computed":true},"original_server_instance_no":{"type":"string","description":"Original server instance no","description_kind":"plain","computed":true},"original_server_name":{"type":"string","description":"Original server name","description_kind":"plain","computed":true},"original_server_product_code":{"type":"string","description":"Original server product code","description_kind":"plain","computed":true},"platform_type":{"type":"string","description":"Member server image platform type","description_kind":"plain","computed":true},"platform_type_code_list":{"type":["list","string"],"description":"List of platform codes of server images to view","description_kind":"plain","optional":true},"region":{"type":"string","description":"Region code. Get available values using the `data ncloud_regions`.","description_kind":"plain","optional":true},"status":{"type":"string","description":"Member server image status","description_kind":"plain","computed":true},"status_name":{"type":"string","description":"Member server image status name","description_kind":"plain","computed":true}},"description_kind":"plain"}},"ncloud_member_server_images":{"version":0,"block":{"attributes":{"id":{"type":"string","description_kind":"plain","optional":true,"computed":true},"member_server_images":{"type":["list","string"],"description":"A list of Member server image no","description_kind":"plain","optional":true},"name_regex":{"type":"string","description":"A regex string to apply to the member server image list returned by ncloud","description_kind":"plain","optional":true},"no_list":{"type":["list","string"],"description":"List of member server images to view","description_kind":"plain","optional":true},"output_file":{"type":"string","description":"The name of file that can save data source after running `terraform plan`.","description_kind":"plain","optional":true},"platform_type_code_list":{"type":["list","string"],"description":"List of platform codes of server images to view","description_kind":"plain","optional":true},"region":{"type":"string","description":"Region code. Get available values using the `data ncloud_regions`.","description_kind":"plain","optional":true}},"description_kind":"plain"}},"ncloud_nas_volume":{"version":0,"block":{"attributes":{"description":{"type":"string","description_kind":"plain","computed":true},"id":{"type":"string","description_kind":"plain","optional":true,"computed":true},"instance_custom_ip_list":{"type":["list","string"],"description_kind":"plain","computed":true},"instance_no":{"type":"string","description_kind":"plain","computed":true},"instance_status":{"type":"string","description_kind":"plain","computed":true},"is_event_configuration":{"type":"bool","description_kind":"plain","optional":true,"computed":true},"is_snapshot_configuration":{"type":"bool","description_kind":"plain","optional":true,"computed":true},"no_list":{"type":["list","string"],"description_kind":"plain","optional":true,"computed":true},"region":{"type":"string","description":"Region code. Get available values using the `data ncloud_regions`.","description_kind":"plain","optional":true,"computed":true},"snapshot_volume_size":{"type":"number","description_kind":"plain","computed":true},"snapshot_volume_use_ratio":{"type":"number","description_kind":"plain","computed":true},"snapshot_volume_use_size":{"type":"number","description_kind":"plain","computed":true},"volume_allotment_protocol_type_code":{"type":"string","description_kind":"plain","optional":true,"computed":true},"volume_name":{"type":"string","description_kind":"plain","computed":true},"volume_size":{"type":"number","description_kind":"plain","computed":true},"volume_total_size":{"type":"number","description_kind":"plain","computed":true},"volume_use_ratio":{"type":"number","description_kind":"plain","computed":true},"volume_use_size":{"type":"number","description_kind":"plain","computed":true},"zone":{"type":"string","description":"Zone code. Get available values using the `data ncloud_zones`.","description_kind":"plain","optional":true,"computed":true}},"description_kind":"plain"}},"ncloud_nas_volumes":{"version":0,"block":{"attributes":{"id":{"type":"string","description_kind":"plain","optional":true,"computed":true},"is_event_configuration":{"type":"bool","description_kind":"plain","optional":true},"is_snapshot_configuration":{"type":"bool","description_kind":"plain","optional":true},"nas_volumes":{"type":["list","string"],"description":"A list of NAS Volume Instance no","description_kind":"plain","computed":true},"no_list":{"type":["list","string"],"description_kind":"plain","optional":true,"computed":true},"output_file":{"type":"string","description_kind":"plain","optional":true},"region":{"type":"string","description":"Region code. Get available values using the `data ncloud_regions`.","description_kind":"plain","optional":true},"volume_allotment_protocol_type_code":{"type":"string","description_kind":"plain","optional":true},"zone":{"type":"string","description":"Zone code. Get available values using the `data ncloud_zones`.","description_kind":"plain","optional":true}},"description_kind":"plain"}},"ncloud_port_forwarding_rule":{"version":0,"block":{"attributes":{"id":{"type":"string","description_kind":"plain","optional":true,"computed":true},"internet_line_type_code":{"type":"string","description":"Internet line code. PUBLC(Public), GLBL(Global)","description_kind":"plain","optional":true},"port_forwarding_configuration_no":{"type":"string","description":"Port forwarding configuration number.","description_kind":"plain","computed":true},"port_forwarding_external_port":{"type":"string","description":"Port forwarding external port.","description_kind":"plain","optional":true,"computed":true},"port_forwarding_internal_port":{"type":"string","description":"Port forwarding internal port.","description_kind":"plain","optional":true,"computed":true},"port_forwarding_public_ip":{"type":"string","description":"Port forwarding public ip","description_kind":"plain","computed":true},"region":{"type":"string","description":"Region code. Get available values using the `data ncloud_regions`.","description_kind":"plain","optional":true},"server_instance_no":{"type":"string","description":"Server instance number","description_kind":"plain","optional":true,"computed":true},"zone":{"type":"string","description":"Zone code. Get available values using the `data ncloud_zones`.","description_kind":"plain","optional":true}},"description_kind":"plain"}},"ncloud_port_forwarding_rules":{"version":0,"block":{"attributes":{"id":{"type":"string","description_kind":"plain","optional":true,"computed":true},"internet_line_type_code":{"type":"string","description":"Internet line code. PUBLC(Public), GLBL(Global)","description_kind":"plain","optional":true},"output_file":{"type":"string","description_kind":"plain","optional":true},"port_forwarding_configuration_no":{"type":"string","description":"Port forwarding configuration number.","description_kind":"plain","computed":true},"port_forwarding_internal_port":{"type":"string","description":"Port forwarding internal port.","description_kind":"plain","optional":true},"port_forwarding_rule_list":{"type":["list",["object",{"port_forwarding_external_port":"string","port_forwarding_internal_port":"string","port_forwarding_public_ip":"string","server_instance_no":"string"}]],"description":"Port forwarding rule list","description_kind":"plain","computed":true},"region":{"type":"string","description":"Region code. Get available values using the `data ncloud_regions`.","description_kind":"plain","optional":true},"zone":{"type":"string","description":"Zone code. Get available values using the `data ncloud_zones`.","description_kind":"plain","optional":true}},"description_kind":"plain"}},"ncloud_public_ip":{"version":0,"block":{"attributes":{"description":{"type":"string","description":"Public IP description","description_kind":"plain","computed":true},"id":{"type":"string","description_kind":"plain","optional":true,"computed":true},"instance_no":{"type":"string","description":"Public IP instance number","description_kind":"plain","computed":true},"instance_no_list":{"type":["list","string"],"description":"List of public IP instance numbers to get.","description_kind":"plain","optional":true},"instance_operation":{"type":"string","description":"Public IP instance operation","description_kind":"plain","computed":true},"instance_status":{"type":"string","description":"Public IP instance status","description_kind":"plain","computed":true},"instance_status_name":{"type":"string","description":"Public IP instance status name","description_kind":"plain","computed":true},"internet_line_type":{"type":"string","description":"Internet line type code. `PUBLC` (Public), `GLBL` (Global)","description_kind":"plain","optional":true,"computed":true},"is_associated":{"type":"bool","description":"Indicates whether the public IP address is associated or not.","description_kind":"plain","optional":true},"kind_type":{"type":"string","description":"Public IP kind type","description_kind":"plain","computed":true},"list":{"type":["list","string"],"description":"List of public IP addresses to get.","description_kind":"plain","optional":true},"public_ip":{"type":"string","description":"Public IP","description_kind":"plain","computed":true},"region":{"type":"string","description":"Region code. Get available values using the `data ncloud_regions`.","description_kind":"plain","optional":true},"search_filter_name":{"type":"string","description":"`publicIp` (Public IP) | `associatedServerName` (Associated server name)","description_kind":"plain","optional":true},"search_filter_value":{"type":"string","description":"Filter value to search","description_kind":"plain","optional":true},"server_instance":{"type":["map","string"],"description":"Associated server instance","description_kind":"plain","computed":true},"sorted_by":{"type":"string","description":"The column based on which you want to sort the list.","description_kind":"plain","optional":true},"sorting_order":{"type":"string","description":"Sorting order of the list. `ascending` (Ascending) | `descending` (Descending) [case insensitive]. Default: `ascending` Ascending","description_kind":"plain","optional":true},"zone":{"type":"string","description":"Zone code. You can filter the list of public IP instances by zones. All the public IP addresses in the zone of the region will be selected if the filter is not specified.","description_kind":"plain","optional":true}},"description_kind":"plain"}},"ncloud_regions":{"version":0,"block":{"attributes":{"code":{"type":"string","description_kind":"plain","optional":true},"id":{"type":"string","description_kind":"plain","optional":true,"computed":true},"output_file":{"type":"string","description_kind":"plain","optional":true}},"block_types":{"regions":{"nesting_mode":"list","block":{"attributes":{"region_code":{"type":"string","description_kind":"plain","computed":true},"region_name":{"type":"string","description_kind":"plain","computed":true},"region_no":{"type":"string","description_kind":"plain","computed":true}},"description_kind":"plain"}}},"description_kind":"plain"}},"ncloud_root_password":{"version":0,"block":{"attributes":{"id":{"type":"string","description_kind":"plain","optional":true,"computed":true},"private_key":{"type":"string","description":"Server’s login key (auth key)","description_kind":"plain","required":true,"sensitive":true},"root_password":{"type":"string","description":"Password of a root account","description_kind":"plain","computed":true,"sensitive":true},"server_instance_no":{"type":"string","description":"Server instance number","description_kind":"plain","required":true}},"description_kind":"plain"}},"ncloud_server_image":{"version":0,"block":{"attributes":{"add_block_storage_size":{"type":"number","description":"Additional block storage size","description_kind":"plain","computed":true},"base_block_storage_size":{"type":"number","description":"Base block storage size","description_kind":"plain","computed":true},"block_storage_size":{"type":"number","description":"Block storage size.","description_kind":"plain","optional":true},"cpu_count":{"type":"number","description":"CPU count","description_kind":"plain","computed":true},"exclusion_product_code":{"type":"string","description":"Product code you want to exclude from the list.","description_kind":"plain","optional":true,"computed":true},"id":{"type":"string","description_kind":"plain","optional":true,"computed":true},"infra_resource_detail_type_code":{"type":"string","description":"infra resource detail type code.","description_kind":"plain","optional":true},"infra_resource_type":{"type":"string","description":"Infra resource type","description_kind":"plain","computed":true},"memory_size":{"type":"number","description":"Memory size","description_kind":"plain","computed":true},"os_information":{"type":"string","description":"OS Information","description_kind":"plain","computed":true},"platform_type":{"type":"string","description":"Platform type","description_kind":"plain","computed":true},"platform_type_code_list":{"type":["list","string"],"description":"Values required for identifying platforms in list-type.","description_kind":"plain","optional":true,"computed":true},"product_code":{"type":"string","description":"Product code you want to view on the list. Use this when searching for 1 product.","description_kind":"plain","optional":true,"computed":true},"product_description":{"type":"string","description":"Product description","description_kind":"plain","computed":true},"product_name":{"type":"string","description":"Product name","description_kind":"plain","computed":true},"product_name_regex":{"type":"string","description":"A regex string to apply to the server image list returned by ncloud.","description_kind":"plain","optional":true},"product_type":{"type":"string","description":"Product type code","description_kind":"plain","optional":true,"computed":true},"region":{"type":"string","description":"Region code. Get available values using the `data ncloud_regions`.","description_kind":"plain","optional":true}},"description_kind":"plain"}},"ncloud_server_images":{"version":0,"block":{"attributes":{"block_storage_size":{"type":"number","description":"Block storage size.","description_kind":"plain","optional":true},"exclusion_product_code":{"type":"string","description":"Product code you want to exclude from the list.","description_kind":"plain","optional":true,"computed":true},"id":{"type":"string","description_kind":"plain","optional":true,"computed":true},"infra_resource_detail_type_code":{"type":"string","description":"infra resource detail type code.","description_kind":"plain","optional":true},"output_file":{"type":"string","description_kind":"plain","optional":true},"platform_type_code_list":{"type":["list","string"],"description":"Values required for identifying platforms in list-type.","description_kind":"plain","optional":true,"computed":true},"product_code":{"type":"string","description":"Product code you want to view on the list. Use this when searching for 1 product.","description_kind":"plain","optional":true,"computed":true},"product_name_regex":{"type":"string","description":"A regex string to apply to the server image list returned by ncloud.","description_kind":"plain","optional":true},"region":{"type":"string","description":"Region code. Get available values using the `data ncloud_regions`.","description_kind":"plain","optional":true},"server_images":{"type":["list","string"],"description":"A list of server image product code.","description_kind":"plain","optional":true}},"description_kind":"plain"}},"ncloud_server_product":{"version":0,"block":{"attributes":{"add_block_storage_size":{"type":"number","description":"Additional block storage size","description_kind":"plain","computed":true},"base_block_storage_size":{"type":"number","description":"Base block storage size","description_kind":"plain","computed":true},"cpu_count":{"type":"number","description":"CPU count","description_kind":"plain","computed":true},"exclusion_product_code":{"type":"string","description":"Enter a product code to exclude from the list.","description_kind":"plain","optional":true,"computed":true},"id":{"type":"string","description_kind":"plain","optional":true,"computed":true},"infra_resource_type":{"type":"string","description":"Infra resource type","description_kind":"plain","computed":true},"internet_line_type_code":{"type":"string","description":"Internet line identification code. PUBLC(Public), GLBL(Global). default : PUBLC(Public)","description_kind":"plain","optional":true},"memory_size":{"type":"number","description":"Memory size","description_kind":"plain","computed":true},"os_information":{"type":"string","description":"OS Information","description_kind":"plain","computed":true},"platform_type":{"type":"string","description":"Platform type","description_kind":"plain","computed":true},"product_code":{"type":"string","description":"Enter a product code to search from the list. Use it for a single search.","description_kind":"plain","optional":true,"computed":true},"product_description":{"type":"string","description":"Product description","description_kind":"plain","computed":true},"product_name":{"type":"string","description":"Product name","description_kind":"plain","computed":true},"product_name_regex":{"type":"string","description":"A regex string to apply to the Server Product list returned.","description_kind":"plain","optional":true},"product_type":{"type":"string","description":"Product type","description_kind":"plain","computed":true},"region":{"type":"string","description":"Region code. Get available values using the `data ncloud_regions`.","description_kind":"plain","optional":true},"server_image_product_code":{"type":"string","description":"You can get one from `data ncloud_server_images`. This is a required value, and each available server's specification varies depending on the server image product.","description_kind":"plain","required":true},"zone":{"type":"string","description":"Zone code. Get available values using the `data ncloud_zones`.","description_kind":"plain","optional":true}},"description_kind":"plain"}},"ncloud_server_products":{"version":0,"block":{"attributes":{"exclusion_product_code":{"type":"string","description":"Enter a product code to exclude from the list.","description_kind":"plain","optional":true,"computed":true},"id":{"type":"string","description_kind":"plain","optional":true,"computed":true},"internet_line_type_code":{"type":"string","description":"Internet line identification code. PUBLC(Public), GLBL(Global). default : PUBLC(Public)","description_kind":"plain","optional":true},"output_file":{"type":"string","description_kind":"plain","optional":true},"product_code":{"type":"string","description":"Enter a product code to search from the list. Use it for a single search.","description_kind":"plain","optional":true,"computed":true},"product_name_regex":{"type":"string","description":"A regex string to apply to the Server Product list returned.","description_kind":"plain","optional":true},"region":{"type":"string","description":"Region code. Get available values using the `data ncloud_regions`.","description_kind":"plain","optional":true},"server_image_product_code":{"type":"string","description":"You can get one from `data ncloud_server_images`. This is a required value, and each available server's specification varies depending on the server image product.","description_kind":"plain","required":true},"server_products":{"type":["list","string"],"description":"A list of server product code.","description_kind":"plain","optional":true},"zone":{"type":"string","description":"Zone code. You can decide a zone where servers are created. You can decide which zone the product list will be requested at. You can get one by calling `data ncloud_zones`. default : Select the first Zone in the specific region","description_kind":"plain","optional":true}},"description_kind":"plain"}},"ncloud_vpc":{"version":0,"block":{"attributes":{"id":{"type":"string","description_kind":"plain","optional":true,"computed":true},"ipv4_cidr_block":{"type":"string","description_kind":"plain","computed":true},"name":{"type":"string","description_kind":"plain","computed":true},"status":{"type":"string","description_kind":"plain","computed":true},"vpc_no":{"type":"string","description_kind":"plain","required":true}},"description_kind":"plain"}},"ncloud_vpcs":{"version":0,"block":{"attributes":{"id":{"type":"string","description_kind":"plain","optional":true,"computed":true},"ids":{"type":["set","string"],"description_kind":"plain","computed":true},"name":{"type":"string","description_kind":"plain","optional":true},"status":{"type":"string","description_kind":"plain","optional":true},"vpc_no_list":{"type":["list","string"],"description_kind":"plain","optional":true}},"description_kind":"plain"}},"ncloud_zones":{"version":0,"block":{"attributes":{"id":{"type":"string","description_kind":"plain","optional":true,"computed":true},"output_file":{"type":"string","description_kind":"plain","optional":true},"region":{"type":"string","description":"Region code. Get available values using the `data ncloud_regions`.","description_kind":"plain","optional":true},"zones":{"type":["list",["object",{"region_no":"string","zone_code":"string","zone_description":"string","zone_name":"string","zone_no":"string"}]],"description_kind":"plain","computed":true}},"description_kind":"plain"}}}}}}
