{"format_version":"0.1","provider_schemas":{"registry.terraform.io/gessnerfl/instana":{"provider":{"version":0,"block":{"attributes":{"api_token":{"type":"string","description":"API token used to authenticate with the Instana Backend","description_kind":"plain","required":true,"sensitive":true},"default_name_prefix":{"type":"string","description":"The default prefix which should be added to all resource names/labels","description_kind":"plain","optional":true},"default_name_suffix":{"type":"string","description":"The default suffix which should be added to all resource names/labels - default '(TF managed)'","description_kind":"plain","optional":true},"endpoint":{"type":"string","description":"The DNS Name of the Instana Endpoint (eg. saas-eu-west-1.instana.io)","description_kind":"plain","required":true}},"description_kind":"plain"}},"resource_schemas":{"instana_alerting_channel_email":{"version":1,"block":{"attributes":{"emails":{"type":["set","string"],"description":"The list of emails of the Email alerting channel","description_kind":"plain","required":true},"full_name":{"type":"string","description":"The the full name field of the alerting channel. The field is computed and contains the name which is sent to instana. The computation depends on the configured default_name_prefix and default_name_suffix at provider level","description_kind":"plain","computed":true},"id":{"type":"string","description_kind":"plain","optional":true,"computed":true},"name":{"type":"string","description":"Configures the name of the alerting channel","description_kind":"plain","required":true}},"description_kind":"plain"}},"instana_alerting_channel_google_chat":{"version":0,"block":{"attributes":{"full_name":{"type":"string","description":"The the full name field of the alerting channel. The field is computed and contains the name which is sent to instana. The computation depends on the configured default_name_prefix and default_name_suffix at provider level","description_kind":"plain","computed":true},"id":{"type":"string","description_kind":"plain","optional":true,"computed":true},"name":{"type":"string","description":"Configures the name of the alerting channel","description_kind":"plain","required":true},"webhook_url":{"type":"string","description":"The webhook URL of the GOOGLE_CHAT alerting channel","description_kind":"plain","required":true}},"description_kind":"plain"}},"instana_alerting_channel_office_365":{"version":0,"block":{"attributes":{"full_name":{"type":"string","description":"The the full name field of the alerting channel. The field is computed and contains the name which is sent to instana. The computation depends on the configured default_name_prefix and default_name_suffix at provider level","description_kind":"plain","computed":true},"id":{"type":"string","description_kind":"plain","optional":true,"computed":true},"name":{"type":"string","description":"Configures the name of the alerting channel","description_kind":"plain","required":true},"webhook_url":{"type":"string","description":"The webhook URL of the OFFICE_365 alerting channel","description_kind":"plain","required":true}},"description_kind":"plain"}},"instana_alerting_channel_ops_genie":{"version":0,"block":{"attributes":{"api_key":{"type":"string","description":"The OpsGenie API Key of the OpsGenie alerting channel","description_kind":"plain","required":true},"full_name":{"type":"string","description":"The the full name field of the alerting channel. The field is computed and contains the name which is sent to instana. The computation depends on the configured default_name_prefix and default_name_suffix at provider level","description_kind":"plain","computed":true},"id":{"type":"string","description_kind":"plain","optional":true,"computed":true},"name":{"type":"string","description":"Configures the name of the alerting channel","description_kind":"plain","required":true},"region":{"type":"string","description":"The OpsGenie region (EU/US) of the OpsGenie alerting channel","description_kind":"plain","required":true},"tags":{"type":["list","string"],"description":"The OpsGenie tags of the OpsGenie alerting channel","description_kind":"plain","required":true}},"description_kind":"plain"}},"instana_alerting_channel_pager_duty":{"version":0,"block":{"attributes":{"full_name":{"type":"string","description":"The the full name field of the alerting channel. The field is computed and contains the name which is sent to instana. The computation depends on the configured default_name_prefix and default_name_suffix at provider level","description_kind":"plain","computed":true},"id":{"type":"string","description_kind":"plain","optional":true,"computed":true},"name":{"type":"string","description":"Configures the name of the alerting channel","description_kind":"plain","required":true},"service_integration_key":{"type":"string","description":"The Service Integration Key of the PagerDuty alerting channel","description_kind":"plain","required":true}},"description_kind":"plain"}},"instana_alerting_channel_slack":{"version":0,"block":{"attributes":{"channel":{"type":"string","description":"The Slack channel of the Slack alerting channel","description_kind":"plain","optional":true},"full_name":{"type":"string","description":"The the full name field of the alerting channel. The field is computed and contains the name which is sent to instana. The computation depends on the configured default_name_prefix and default_name_suffix at provider level","description_kind":"plain","computed":true},"icon_url":{"type":"string","description":"The icon URL of the Slack alerting channel","description_kind":"plain","optional":true},"id":{"type":"string","description_kind":"plain","optional":true,"computed":true},"name":{"type":"string","description":"Configures the name of the alerting channel","description_kind":"plain","required":true},"webhook_url":{"type":"string","description":"The webhook URL of the Slack alerting channel","description_kind":"plain","required":true}},"description_kind":"plain"}},"instana_alerting_channel_splunk":{"version":0,"block":{"attributes":{"full_name":{"type":"string","description":"The the full name field of the alerting channel. The field is computed and contains the name which is sent to instana. The computation depends on the configured default_name_prefix and default_name_suffix at provider level","description_kind":"plain","computed":true},"id":{"type":"string","description_kind":"plain","optional":true,"computed":true},"name":{"type":"string","description":"Configures the name of the alerting channel","description_kind":"plain","required":true},"token":{"type":"string","description":"The token of the Splunk alerting channel","description_kind":"plain","required":true},"url":{"type":"string","description":"The URL of the Splunk alerting channel","description_kind":"plain","required":true}},"description_kind":"plain"}},"instana_alerting_channel_victor_ops":{"version":0,"block":{"attributes":{"api_key":{"type":"string","description":"The API Key of the VictorOps alerting channel","description_kind":"plain","required":true},"full_name":{"type":"string","description":"The the full name field of the alerting channel. The field is computed and contains the name which is sent to instana. The computation depends on the configured default_name_prefix and default_name_suffix at provider level","description_kind":"plain","computed":true},"id":{"type":"string","description_kind":"plain","optional":true,"computed":true},"name":{"type":"string","description":"Configures the name of the alerting channel","description_kind":"plain","required":true},"routing_key":{"type":"string","description":"The Routing Key of the VictorOps alerting channel","description_kind":"plain","required":true}},"description_kind":"plain"}},"instana_alerting_channel_webhook":{"version":1,"block":{"attributes":{"full_name":{"type":"string","description":"The the full name field of the alerting channel. The field is computed and contains the name which is sent to instana. The computation depends on the configured default_name_prefix and default_name_suffix at provider level","description_kind":"plain","computed":true},"http_headers":{"type":["map","string"],"description":"The optional map of HTTP headers of the Webhook alerting channel","description_kind":"plain","optional":true},"id":{"type":"string","description_kind":"plain","optional":true,"computed":true},"name":{"type":"string","description":"Configures the name of the alerting channel","description_kind":"plain","required":true},"webhook_urls":{"type":["set","string"],"description":"The list of webhook urls of the Webhook alerting channel","description_kind":"plain","required":true}},"description_kind":"plain"}},"instana_alerting_config":{"version":1,"block":{"attributes":{"alert_name":{"type":"string","description":"Configures the alert name of the alerting configuration","description_kind":"plain","required":true},"event_filter_event_types":{"type":["set","string"],"description":"Configures the list of Event Types IDs which should trigger an alert.","description_kind":"plain","optional":true},"event_filter_query":{"type":"string","description":"Configures a filter query to to filter rules or event types for a limited set of entities","description_kind":"plain","optional":true},"event_filter_rule_ids":{"type":["set","string"],"description":"Configures the list of Rule IDs which should trigger an alert.","description_kind":"plain","optional":true},"full_alert_name":{"type":"string","description":"The the full alert name field of the alerting configuration. The field is computed and contains the name which is sent to instana. The computation depends on the configured default_name_prefix and default_name_suffix at provider level","description_kind":"plain","computed":true},"id":{"type":"string","description_kind":"plain","optional":true,"computed":true},"integration_ids":{"type":["set","string"],"description":"Configures the list of Integration IDs (Alerting Channels).","description_kind":"plain","required":true}},"description_kind":"plain"}},"instana_application_config":{"version":1,"block":{"attributes":{"boundary_scope":{"type":"string","description":"The boundary scope of the application config","description_kind":"plain","optional":true},"full_label":{"type":"string","description":"The the full label field of the application config. The field is computed and contains the label which is sent to instana. The computation depends on the configured default_name_prefix and default_name_suffix at provider level","description_kind":"plain","computed":true},"id":{"type":"string","description_kind":"plain","optional":true,"computed":true},"label":{"type":"string","description":"The label of the application config","description_kind":"plain","required":true},"match_specification":{"type":"string","description":"The match specification of the application config","description_kind":"plain","required":true},"scope":{"type":"string","description":"The scope of the application config","description_kind":"plain","optional":true}},"description_kind":"plain"}},"instana_custom_event_spec_entity_verification_rule":{"version":3,"block":{"attributes":{"description":{"type":"string","description":"Configures the description text of the custom event specification","description_kind":"plain","optional":true},"enabled":{"type":"bool","description":"Configures if the custom event specification is enabled or not","description_kind":"plain","optional":true},"entity_type":{"type":"string","description":"The computed entity type of a entity verification rule 'host'","description_kind":"plain","computed":true},"expiration_time":{"type":"number","description":"Configures the expiration time (grace period) to wait before the issue is closed","description_kind":"plain","optional":true},"full_name":{"type":"string","description":"The computed full name of the custom event specification. The field contains the name which is sent to instana. The computation depends on the configured default_name_prefix and default_name_suffix at provider level","description_kind":"plain","computed":true},"id":{"type":"string","description_kind":"plain","optional":true,"computed":true},"name":{"type":"string","description":"Configures the name of the custom event specification","description_kind":"plain","required":true},"query":{"type":"string","description":"Configures the dynamic focus query for the custom event specification","description_kind":"plain","optional":true},"rule_matching_entity_label":{"type":"string","description":"The label of the matching entity","description_kind":"plain","required":true},"rule_matching_entity_type":{"type":"string","description":"The type of the matching entity","description_kind":"plain","required":true},"rule_matching_operator":{"type":"string","description":"The operator which should be applied for matching the label for the given entity (e.g. IS, CONTAINS, STARTS_WITH, ENDS_WITH, NONE)","description_kind":"plain","required":true},"rule_offline_duration":{"type":"number","description":"The duration after which the matching entity is considered to be offline","description_kind":"plain","required":true},"rule_severity":{"type":"string","description":"Configures the severity of the rule of the custom event specification","description_kind":"plain","required":true},"triggering":{"type":"bool","description":"Configures the custom event specification should trigger an incident","description_kind":"plain","optional":true}},"description_kind":"plain"}},"instana_custom_event_spec_system_rule":{"version":2,"block":{"attributes":{"description":{"type":"string","description":"Configures the description text of the custom event specification","description_kind":"plain","optional":true},"enabled":{"type":"bool","description":"Configures if the custom event specification is enabled or not","description_kind":"plain","optional":true},"entity_type":{"type":"string","description":"The computed entity type of a entity verification rule 'any'","description_kind":"plain","computed":true},"expiration_time":{"type":"number","description":"Configures the expiration time (grace period) to wait before the issue is closed","description_kind":"plain","optional":true},"full_name":{"type":"string","description":"The computed full name of the custom event specification. The field contains the name which is sent to instana. The computation depends on the configured default_name_prefix and default_name_suffix at provider level","description_kind":"plain","computed":true},"id":{"type":"string","description_kind":"plain","optional":true,"computed":true},"name":{"type":"string","description":"Configures the name of the custom event specification","description_kind":"plain","required":true},"query":{"type":"string","description":"Configures the dynamic focus query for the custom event specification","description_kind":"plain","optional":true},"rule_severity":{"type":"string","description":"Configures the severity of the rule of the custom event specification","description_kind":"plain","required":true},"rule_system_rule_id":{"type":"string","description":"Configures the system rule id for the system rule of the custom event specification","description_kind":"plain","required":true},"triggering":{"type":"bool","description":"Configures the custom event specification should trigger an incident","description_kind":"plain","optional":true}},"description_kind":"plain"}},"instana_custom_event_spec_threshold_rule":{"version":2,"block":{"attributes":{"description":{"type":"string","description":"Configures the description text of the custom event specification","description_kind":"plain","optional":true},"enabled":{"type":"bool","description":"Configures if the custom event specification is enabled or not","description_kind":"plain","optional":true},"entity_type":{"type":"string","description":"Configures the entity type of the custom event specification","description_kind":"plain","required":true},"expiration_time":{"type":"number","description":"Configures the expiration time (grace period) to wait before the issue is closed","description_kind":"plain","optional":true},"full_name":{"type":"string","description":"The computed full name of the custom event specification. The field contains the name which is sent to instana. The computation depends on the configured default_name_prefix and default_name_suffix at provider level","description_kind":"plain","computed":true},"id":{"type":"string","description_kind":"plain","optional":true,"computed":true},"name":{"type":"string","description":"Configures the name of the custom event specification","description_kind":"plain","required":true},"query":{"type":"string","description":"Configures the dynamic focus query for the custom event specification","description_kind":"plain","optional":true},"rule_aggregation":{"type":"string","description":"The aggregation type (e.g. sum, avg)","description_kind":"plain","optional":true},"rule_condition_operator":{"type":"string","description":"The condition operator (e.g \u003e, \u003c)","description_kind":"plain","required":true},"rule_condition_value":{"type":"number","description":"The expected condition value to fulfill the rule","description_kind":"plain","required":true},"rule_metric_name":{"type":"string","description":"The metric name of the rule","description_kind":"plain","optional":true},"rule_metric_pattern_operator":{"type":"string","description":"The condition operator (e.g \u003e, \u003c)","description_kind":"plain","optional":true},"rule_metric_pattern_placeholder":{"type":"string","description":"The metric pattern placeholer/condition value of a dynamic built-in metrics","description_kind":"plain","optional":true},"rule_metric_pattern_postfix":{"type":"string","description":"The metric pattern postfix of a dynamic built-in metrics","description_kind":"plain","optional":true},"rule_metric_pattern_prefix":{"type":"string","description":"The metric pattern prefix of a dynamic built-in metrics","description_kind":"plain","optional":true},"rule_rollup":{"type":"number","description":"The rollup of the metric","description_kind":"plain","optional":true},"rule_severity":{"type":"string","description":"Configures the severity of the rule of the custom event specification","description_kind":"plain","required":true},"rule_window":{"type":"number","description":"The time window where the condition has to be fulfilled","description_kind":"plain","optional":true},"triggering":{"type":"bool","description":"Configures the custom event specification should trigger an incident","description_kind":"plain","optional":true}},"description_kind":"plain"}},"instana_user_role":{"version":1,"block":{"attributes":{"can_configure_agent_run_mode":{"type":"bool","description":"Configures if users of the role are allowed to configure agent run mode","description_kind":"plain","optional":true},"can_configure_agents":{"type":"bool","description":"Configures if users of the role are allowed to configure agents","description_kind":"plain","optional":true},"can_configure_api_tokens":{"type":"bool","description":"Configures if users of the role are allowed to configure API tokens","description_kind":"plain","optional":true},"can_configure_applications":{"type":"bool","description":"Configures if users of the role are allowed to configure applications","description_kind":"plain","optional":true},"can_configure_authentication_methods":{"type":"bool","description":"Configures if users of the role are allowed to configure authentication methods","description_kind":"plain","optional":true},"can_configure_custom_alerts":{"type":"bool","description":"Configures if users of the role are allowed to configure custom alerts","description_kind":"plain","optional":true},"can_configure_eum_applications":{"type":"bool","description":"Configures if users of the role are allowed to configure End User Monitoring applications","description_kind":"plain","optional":true},"can_configure_integrations":{"type":"bool","description":"Configures if users of the role are allowed to configure integrations","description_kind":"plain","optional":true},"can_configure_log_management":{"type":"bool","description":"Configures if users of the role are allowed to configure log management","description_kind":"plain","optional":true},"can_configure_mobile_app_monitoring":{"type":"bool","description":"Configures if users of the role are allowed to configure Mobile App Monitoring","description_kind":"plain","optional":true},"can_configure_objectives":{"type":"bool","description":"Configures if users of the role are allowed to configure objectives","description_kind":"plain","optional":true},"can_configure_releases":{"type":"bool","description":"Configures if users of the role are allowed to configure releases","description_kind":"plain","optional":true},"can_configure_roles":{"type":"bool","description":"Configures if users of the role are allowed to configure user roles","description_kind":"plain","optional":true},"can_configure_service_mapping":{"type":"bool","description":"Configures if users of the role are allowed to configure service mappings","description_kind":"plain","optional":true},"can_configure_teams":{"type":"bool","description":"Configures if users of the role are allowed to configure teams (Groups)","description_kind":"plain","optional":true},"can_configure_users":{"type":"bool","description":"Configures if users of the role are allowed to configure users","description_kind":"plain","optional":true},"can_create_public_custom_dashboards":{"type":"bool","description":"Configures if users of the role are allowed to create public custom dashboards","description_kind":"plain","optional":true},"can_install_new_agents":{"type":"bool","description":"Configures if users of the role are allowed to install new agents","description_kind":"plain","optional":true},"can_see_on_premise_license_information":{"type":"bool","description":"Configures if users of the role are allowed to see onPremise license information","description_kind":"plain","optional":true},"can_see_usage_information":{"type":"bool","description":"Configures if users of the role are allowed to see usage information","description_kind":"plain","optional":true},"can_view_audit_log":{"type":"bool","description":"Configures if users of the role are allowed to view the audit log","description_kind":"plain","optional":true},"can_view_logs":{"type":"bool","description":"Configures if users of the role are allowed to view logs","description_kind":"plain","optional":true},"can_view_trace_details":{"type":"bool","description":"Configures if users of the role are allowed to view trace details","description_kind":"plain","optional":true},"id":{"type":"string","description_kind":"plain","optional":true,"computed":true},"name":{"type":"string","description":"The name of the user role","description_kind":"plain","required":true},"restricted_access":{"type":"bool","description":"Configures if users of the role has limited access by group access scopes","description_kind":"plain","optional":true}},"description_kind":"plain"}}}}}}
