{"format_version":"0.1","provider_schemas":{"registry.terraform.io/bestseller/harbor":{"provider":{"version":0,"block":{"attributes":{"api_version":{"type":"number","description_kind":"plain","optional":true},"insecure":{"type":"bool","description_kind":"plain","optional":true},"password":{"type":"string","description_kind":"plain","optional":true},"url":{"type":"string","description_kind":"plain","optional":true},"username":{"type":"string","description_kind":"plain","optional":true}},"description_kind":"plain"}},"resource_schemas":{"harbor_config_auth":{"version":0,"block":{"attributes":{"auth_mode":{"type":"string","description_kind":"plain","required":true},"id":{"type":"string","description_kind":"plain","optional":true,"computed":true},"oidc_client_id":{"type":"string","description_kind":"plain","optional":true},"oidc_client_secret":{"type":"string","description_kind":"plain","optional":true,"sensitive":true},"oidc_endpoint":{"type":"string","description_kind":"plain","optional":true},"oidc_groups_claim":{"type":"string","description_kind":"plain","optional":true},"oidc_name":{"type":"string","description_kind":"plain","optional":true},"oidc_scope":{"type":"string","description_kind":"plain","optional":true},"oidc_verify_cert":{"type":"string","description_kind":"plain","optional":true}},"description_kind":"plain"}},"harbor_config_email":{"version":0,"block":{"attributes":{"email_from":{"type":"string","description_kind":"plain","required":true},"email_host":{"type":"string","description_kind":"plain","required":true},"email_password":{"type":"string","description_kind":"plain","optional":true,"sensitive":true},"email_port":{"type":"string","description_kind":"plain","required":true},"email_ssl":{"type":"string","description_kind":"plain","optional":true},"email_username":{"type":"string","description_kind":"plain","optional":true},"id":{"type":"string","description_kind":"plain","optional":true,"computed":true}},"description_kind":"plain"}},"harbor_config_system":{"version":0,"block":{"attributes":{"id":{"type":"string","description_kind":"plain","optional":true,"computed":true},"project_creation_restriction":{"type":"string","description_kind":"plain","optional":true},"read_only":{"type":"bool","description_kind":"plain","optional":true},"robot_token_expiration":{"type":"number","description_kind":"plain","optional":true}},"description_kind":"plain"}},"harbor_interrogation_services":{"version":0,"block":{"attributes":{"default_scanner":{"type":"string","description_kind":"plain","optional":true},"id":{"type":"string","description_kind":"plain","optional":true,"computed":true},"vulnerability_scan_policy":{"type":"string","description_kind":"plain","required":true}},"description_kind":"plain"}},"harbor_project":{"version":0,"block":{"attributes":{"id":{"type":"string","description_kind":"plain","optional":true,"computed":true},"name":{"type":"string","description_kind":"plain","required":true},"project_id":{"type":"number","description_kind":"plain","computed":true},"public":{"type":"string","description_kind":"plain","optional":true},"vulnerability_scanning":{"type":"string","description_kind":"plain","optional":true}},"description_kind":"plain"}},"harbor_project_member":{"version":0,"block":{"attributes":{"id":{"type":"string","description_kind":"plain","optional":true,"computed":true},"member_id":{"type":"number","description_kind":"plain","computed":true},"name":{"type":"string","description_kind":"plain","required":true},"project_id":{"type":"string","description_kind":"plain","required":true},"role":{"type":"string","description_kind":"plain","required":true},"type":{"type":"string","description_kind":"plain","required":true}},"description_kind":"plain","deprecated":true}},"harbor_project_member_group":{"version":0,"block":{"attributes":{"group_name":{"type":"string","description_kind":"plain","required":true},"id":{"type":"string","description_kind":"plain","optional":true,"computed":true},"member_id":{"type":"number","description_kind":"plain","computed":true},"project_id":{"type":"string","description_kind":"plain","required":true},"role":{"type":"string","description_kind":"plain","required":true},"type":{"type":"string","description_kind":"plain","required":true}},"description_kind":"plain"}},"harbor_project_member_user":{"version":0,"block":{"attributes":{"id":{"type":"string","description_kind":"plain","optional":true,"computed":true},"member_id":{"type":"number","description_kind":"plain","computed":true},"project_id":{"type":"string","description_kind":"plain","required":true},"role":{"type":"string","description_kind":"plain","required":true},"user_name":{"type":"string","description_kind":"plain","required":true}},"description_kind":"plain"}},"harbor_robot_account":{"version":0,"block":{"attributes":{"action":{"type":"string","description_kind":"plain","optional":true},"description":{"type":"string","description_kind":"plain","optional":true},"id":{"type":"string","description_kind":"plain","optional":true,"computed":true},"name":{"type":"string","description_kind":"plain","required":true},"project_id":{"type":"string","description_kind":"plain","required":true},"robot_id":{"type":"string","description_kind":"plain","computed":true},"token":{"type":"string","description_kind":"plain","computed":true,"sensitive":true}},"description_kind":"plain"}},"harbor_tasks":{"version":0,"block":{"attributes":{"id":{"type":"string","description_kind":"plain","optional":true,"computed":true},"vulnerability_scan_policy":{"type":"string","description_kind":"plain","required":true}},"description_kind":"plain","deprecated":true}},"harbor_user":{"version":0,"block":{"attributes":{"admin":{"type":"bool","description_kind":"plain","optional":true},"comment":{"type":"string","description_kind":"plain","optional":true},"email":{"type":"string","description_kind":"plain","required":true},"full_name":{"type":"string","description_kind":"plain","required":true},"id":{"type":"string","description_kind":"plain","optional":true,"computed":true},"password":{"type":"string","description_kind":"plain","required":true,"sensitive":true},"username":{"type":"string","description_kind":"plain","required":true}},"description_kind":"plain"}}}}}}
