{"format_version":"0.1","provider_schemas":{"registry.terraform.io/llomgui/openshift":{"provider":{"version":0,"block":{"attributes":{"client_certificate":{"type":"string","description":"PEM-encoded client certificate for TLS authentication.","description_kind":"plain","optional":true},"client_key":{"type":"string","description":"PEM-encoded client certificate key for TLS authentication.","description_kind":"plain","optional":true},"cluster_ca_certificate":{"type":"string","description":"PEM-encoded root certificates bundle for TLS authentication.","description_kind":"plain","optional":true},"config_context":{"type":"string","description_kind":"plain","optional":true},"config_context_auth_info":{"type":"string","description_kind":"plain","optional":true},"config_context_cluster":{"type":"string","description_kind":"plain","optional":true},"config_path":{"type":"string","description":"Path to the kube config file, defaults to ~/.kube/config","description_kind":"plain","optional":true},"host":{"type":"string","description":"The hostname (in form of URI) of Kubernetes master.","description_kind":"plain","optional":true},"insecure":{"type":"bool","description":"Whether server should be accessed without verifying the TLS certificate.","description_kind":"plain","optional":true},"load_config_file":{"type":"bool","description":"Load local kubeconfig.","description_kind":"plain","optional":true},"password":{"type":"string","description":"The password to use for HTTP basic authentication when accessing the Kubernetes master endpoint.","description_kind":"plain","optional":true},"token":{"type":"string","description":"Token to authenticate an service account","description_kind":"plain","optional":true},"username":{"type":"string","description":"The username to use for HTTP basic authentication when accessing the Kubernetes master endpoint.","description_kind":"plain","optional":true}},"block_types":{"exec":{"nesting_mode":"list","block":{"attributes":{"api_version":{"type":"string","description_kind":"plain","required":true},"args":{"type":["list","string"],"description_kind":"plain","optional":true},"command":{"type":"string","description_kind":"plain","required":true},"env":{"type":["map","string"],"description_kind":"plain","optional":true}},"description_kind":"plain"},"max_items":1}},"description_kind":"plain"}},"resource_schemas":{"openshift_build_config":{"version":0,"block":{"attributes":{"id":{"type":"string","description_kind":"plain","optional":true,"computed":true}},"block_types":{"metadata":{"nesting_mode":"list","block":{"attributes":{"annotations":{"type":["map","string"],"description":"An unstructured key value map stored with the build config that may be used to store arbitrary metadata. More info: http://kubernetes.io/docs/user-guide/annotations","description_kind":"plain","optional":true},"generate_name":{"type":"string","description":"Prefix, used by the server, to generate a unique name ONLY IF the `name` field has not been provided. This value will also be combined with a unique suffix. Read more: https://github.com/kubernetes/community/blob/master/contributors/devel/api-conventions.md#idempotency","description_kind":"plain","optional":true},"generation":{"type":"number","description":"A sequence number representing a specific generation of the desired state.","description_kind":"plain","computed":true},"labels":{"type":["map","string"],"description":"Map of string keys and values that can be used to organize and categorize (scope and select) the build config. May match selectors of replication controllers and services. More info: http://kubernetes.io/docs/user-guide/labels","description_kind":"plain","optional":true},"name":{"type":"string","description":"Name of the build config, must be unique. Cannot be updated. More info: http://kubernetes.io/docs/user-guide/identifiers#names","description_kind":"plain","optional":true,"computed":true},"namespace":{"type":"string","description":"Namespace defines the space within which name of the build config must be unique.","description_kind":"plain","optional":true},"resource_version":{"type":"string","description":"An opaque value that represents the internal version of this build config that can be used by clients to determine when build config has changed. Read more: https://github.com/kubernetes/community/blob/master/contributors/devel/api-conventions.md#concurrency-control-and-consistency","description_kind":"plain","computed":true},"self_link":{"type":"string","description":"A URL representing this build config.","description_kind":"plain","computed":true},"uid":{"type":"string","description":"The unique in time and space value for this build config. More info: http://kubernetes.io/docs/user-guide/identifiers#uids","description_kind":"plain","computed":true}},"description":"Standard build config's metadata. More info: https://github.com/kubernetes/community/blob/master/contributors/devel/api-conventions.md#metadata","description_kind":"plain"},"min_items":1,"max_items":1},"spec":{"nesting_mode":"list","block":{"attributes":{"completion_deadline_seconds":{"type":"number","description":"(integer) completionDeadlineSeconds is an optional duration in seconds, counted from the time when a build pod gets scheduled in the system, that the build may be active on a node before the system actively tries to terminate the build; value must be positive integer","description_kind":"plain","optional":true},"failed_builds_history_limit":{"type":"number","description":"(integer) failedBuildsHistoryLimit is the number of old failed builds to retain. If not specified, all failed builds are retained.","description_kind":"plain","optional":true},"node_selector":{"type":["map","string"],"description":"(object) nodeSelector is a selector which must be true for the build pod to fit on a node If nil, it can be overridden by default build nodeselector values for the cluster. If set to an empty map or a map with any values, default build nodeselector values are ignored.","description_kind":"plain","optional":true,"computed":true},"run_policy":{"type":"string","description":"(string) RunPolicy describes how the new build created from this build configuration will be scheduled for execution. This is optional, if not specified we default to \"Serial\".","description_kind":"plain","optional":true,"computed":true},"service_account":{"type":"string","description":"(string) serviceAccount is the name of the ServiceAccount to use to run the pod created by this build. The pod will be allowed to use secrets referenced by the ServiceAccount","description_kind":"plain","optional":true},"successful_builds_history_limit":{"type":"number","description":"(integer) successfulBuildsHistoryLimit is the number of old successful builds to retain. If not specified, all successful builds are retained.","description_kind":"plain","optional":true}},"block_types":{"output":{"nesting_mode":"list","block":{"block_types":{"image_label":{"nesting_mode":"list","block":{"attributes":{"name":{"type":"string","description":"(string) name defines the name of the label. It must have non-zero length.","description_kind":"plain","optional":true},"value":{"type":"string","description":"(string) value defines the literal value of the label.","description_kind":"plain","optional":true}},"description":"(array) imageLabels define a list of labels that are applied to the resulting image. If there are multiple labels with the same name then the last one in the list is used.","description_kind":"plain"}},"push_secret":{"nesting_mode":"list","block":{"attributes":{"name":{"type":"string","description":"(string) Name of the referent. More info: https://kubernetes.io/docs/concepts/overview/working-with-objects/names/#names","description_kind":"plain","optional":true}},"description":"(v1.LocalObjectReference) PushSecret is the name of a Secret that would be used for setting up the authentication for executing the Docker push to authentication enabled Docker Registry (or Docker Hub).","description_kind":"plain"}},"to":{"nesting_mode":"list","block":{"attributes":{"api_version":{"type":"string","description":"(string) API version of the referent.","description_kind":"plain","optional":true},"field_path":{"type":"string","description":"(string) If referring to a piece of an object instead of an entire object, this string should contain a valid JSON/Go field access statement, such as desiredState.manifest.containers[2]. For example, if the object reference is to a container within a pod, this would take on a value like: \"spec.containers{name}\" (where \"name\" refers to the name of the container that triggered the event) or if no container name is specified \"spec.containers[2]\" (container with index 2 in this pod). This syntax is chosen only to have some well-defined way of referencing a part of an object.","description_kind":"plain","optional":true},"kind":{"type":"string","description":"(string) Kind of the referent. More info: https://git.k8s.io/community/contributors/devel/api-conventions.md#types-kinds","description_kind":"plain","optional":true},"name":{"type":"string","description":"(string) Name of the referent. More info: https://kubernetes.io/docs/concepts/overview/working-with-objects/names/#names","description_kind":"plain","optional":true},"namespace":{"type":"string","description":"(string) Namespace of the referent. More info: https://kubernetes.io/docs/concepts/overview/working-with-objects/namespaces/","description_kind":"plain","optional":true},"resource_version":{"type":"string","description":"(string) Specific resource_version to which this reference is made, if any. More info: https://git.k8s.io/community/contributors/devel/api-conventions.md#concurrency-control-and-consistency","description_kind":"plain","optional":true},"uid":{"type":"string","description":"(string) UID of the referent. More info: https://kubernetes.io/docs/concepts/overview/working-with-objects/names/#uids","description_kind":"plain","optional":true}},"description":"(v1.ObjectReference) to defines an optional location to push the output of this build to. Kind must be one of 'ImageStreamTag' or 'DockerImage'. This value will be used to look up a Docker image repository to push to. In the case of an ImageStreamTag, the ImageStreamTag will be looked for in the namespace of the build unless Namespace is specified.","description_kind":"plain"}}},"description":"(v1.BuildOutput) output describes the Docker image the Strategy should produce.","description_kind":"plain"}},"post_commit":{"nesting_mode":"list","block":{"attributes":{"args":{"type":["set","string"],"description":"(array) args is a list of arguments that are provided to either Command, Script or the Docker image's default entrypoint. The arguments are placed immediately after the command to be run.","description_kind":"plain","optional":true},"command":{"type":["set","string"],"description":"(array) command is the command to run. It may not be specified with Script. This might be needed if the image doesn't have `/bin/sh`, or if you do not want to use a shell. In all other cases, using Script might be more convenient.","description_kind":"plain","optional":true},"script":{"type":"string","description":"(string) script is a shell script to be run with `/bin/sh -ic`. It may not be specified with Command. Use Script when a shell script is appropriate to execute the post build hook, for example for running unit tests with `rake test`. If you need control over the image entrypoint, or if the image does not have `/bin/sh`, use Command and/or Args. The `-i` flag is needed to support CentOS and RHEL images that use Software Collections (SCL), in order to have the appropriate collections enabled in the shell. E.g., in the Ruby image, this is necessary to make `ruby`, `bundle` and other binaries available in the PATH.","description_kind":"plain","optional":true}},"description":"(v1.BuildPostCommitSpec) postCommit is a build hook executed after the build output image is committed, before it is pushed to a registry.","description_kind":"plain"}},"resources":{"nesting_mode":"list","block":{"block_types":{"limits":{"nesting_mode":"list","block":{"attributes":{"cpu":{"type":"string","description_kind":"plain","optional":true,"computed":true},"memory":{"type":"string","description_kind":"plain","optional":true,"computed":true}},"description":"Describes the maximum amount of compute resources allowed. More info: http://kubernetes.io/docs/user-guide/compute-resources/","description_kind":"plain"},"max_items":1},"requests":{"nesting_mode":"list","block":{"attributes":{"cpu":{"type":"string","description_kind":"plain","optional":true,"computed":true},"memory":{"type":"string","description_kind":"plain","optional":true,"computed":true}},"description_kind":"plain"},"max_items":1}},"description":"(v1.ResourceRequirements) resources computes resource requirements to execute the build.","description_kind":"plain"},"max_items":1},"source":{"nesting_mode":"list","block":{"attributes":{"context_dir":{"type":"string","description":"(string) contextDir specifies the sub-directory where the source code for the application exists. This allows to have buildable sources in directory other than root of repository.","description_kind":"plain","optional":true},"dockerfile":{"type":"string","description":"(string) dockerfile is the raw contents of a Dockerfile which should be built. When this option is specified, the FROM may be modified based on your strategy base image and additional ENV stanzas from your strategy environment will be added after the FROM, but before the rest of your Dockerfile stanzas. The Dockerfile source type may be used with other options like git - in those cases the Git repo will have any innate Dockerfile replaced in the context dir.","description_kind":"plain","optional":true},"type":{"type":"string","description":"(string) type of build input to accept","description_kind":"plain","optional":true}},"block_types":{"binary":{"nesting_mode":"list","block":{"attributes":{"as_file":{"type":"string","description":"(string) asFile indicates that the provided binary input should be considered a single file within the build input. For example, specifying \"webapp.war\" would place the provided binary as `/webapp.war` for the builder. If left empty, the Docker and Source build strategies assume this file is a zip, tar, or tar.gz file and extract it as the source. The custom strategy receives this binary as standard input. This filename may not contain slashes or be '..' or '.'.","description_kind":"plain","optional":true}},"description":"(v1.BinaryBuildSource) binary builds accept a binary as their input. The binary is generally assumed to be a tar, gzipped tar, or zip file depending on the strategy. For Docker builds, this is the build context and an optional Dockerfile may be specified to override any Dockerfile in the build context. For Source builds, this is assumed to be an archive as described above. For Source and Docker builds, if binary.asFile is set the build will receive a directory with a single file. contextDir may be used when an archive is provided. Custom builds will receive this binary as input on STDIN.","description_kind":"plain"},"max_items":1},"git":{"nesting_mode":"list","block":{"attributes":{"ref":{"type":"string","description":"(string) ref is the branch/tag/ref to build.","description_kind":"plain","optional":true},"uri":{"type":"string","description":"(string) uri points to the source that will be built. The structure of the source will depend on the type of build to run","description_kind":"plain","optional":true}},"description":"(v1.GitBuildSource) git contains optional information about git build source","description_kind":"plain"}},"image":{"nesting_mode":"list","block":{"block_types":{"from":{"nesting_mode":"list","block":{"attributes":{"api_version":{"type":"string","description":"(string) API version of the referent.","description_kind":"plain","optional":true},"field_path":{"type":"string","description":"(string) If referring to a piece of an object instead of an entire object, this string should contain a valid JSON/Go field access statement, such as desiredState.manifest.containers[2]. For example, if the object reference is to a container within a pod, this would take on a value like: \"spec.containers{name}\" (where \"name\" refers to the name of the container that triggered the event) or if no container name is specified \"spec.containers[2]\" (container with index 2 in this pod). This syntax is chosen only to have some well-defined way of referencing a part of an object.","description_kind":"plain","optional":true},"kind":{"type":"string","description":"(string) Kind of the referent. More info: https://git.k8s.io/community/contributors/devel/api-conventions.md#types-kinds","description_kind":"plain","optional":true},"name":{"type":"string","description":"(string) Name of the referent. More info: https://kubernetes.io/docs/concepts/overview/working-with-objects/names/#names","description_kind":"plain","optional":true},"namespace":{"type":"string","description":"(string) Namespace of the referent. More info: https://kubernetes.io/docs/concepts/overview/working-with-objects/namespaces/","description_kind":"plain","optional":true},"resource_version":{"type":"string","description":"(string) Specific resource_version to which this reference is made, if any. More info: https://git.k8s.io/community/contributors/devel/api-conventions.md#concurrency-control-and-consistency","description_kind":"plain","optional":true},"uid":{"type":"string","description":"(string) UID of the referent. More info: https://kubernetes.io/docs/concepts/overview/working-with-objects/names/#uids","description_kind":"plain","optional":true}},"description":"(v1.ObjectReference) from is a reference to an ImageStreamTag, ImageStreamImage, or DockerImage to copy source from.","description_kind":"plain"}},"paths":{"nesting_mode":"list","block":{"attributes":{"destination_dir":{"type":"string","description":"(string) destinationDir is the relative directory within the build directory where files copied from the image are placed.","description_kind":"plain","optional":true},"source_path":{"type":"string","description":"(string) sourcePath is the absolute path of the file or directory inside the image to copy to the build directory.  If the source path ends in /. then the content of the directory will be copied, but the directory itself will not be created at the destination.","description_kind":"plain","optional":true}},"description":"(array) paths is a list of source and destination paths to copy from the image.","description_kind":"plain"}},"pull_secret":{"nesting_mode":"list","block":{"attributes":{"name":{"type":"string","description":"(string) Name of the referent. More info: https://kubernetes.io/docs/concepts/overview/working-with-objects/names/#names","description_kind":"plain","optional":true}},"description":"(v1.LocalObjectReference) pullSecret is a reference to a secret to be used to pull the image from a registry If the image is pulled from the OpenShift registry, this field does not need to be set.","description_kind":"plain"}}},"description":"(array) images describes a set of images to be used to provide source for the build","description_kind":"plain"}},"secret":{"nesting_mode":"list","block":{"attributes":{"destination_dir":{"type":"string","description":"(string) destinationDir is the directory where the files from the secret should be available for the build time. For the Source build strategy, these will be injected into a container where the assemble script runs. Later, when the script finishes, all files injected will be truncated to zero length. For the Docker build strategy, these will be copied into the build directory, where the Dockerfile is located, so users can ADD or COPY them during docker build.","description_kind":"plain","optional":true}},"block_types":{"secret":{"nesting_mode":"list","block":{"attributes":{"name":{"type":"string","description":"(string) Name of the referent. More info: https://kubernetes.io/docs/concepts/overview/working-with-objects/names/#names","description_kind":"plain","optional":true}},"description":"(v1.LocalObjectReference) secret is a reference to an existing secret that you want to use in your build.","description_kind":"plain"}}},"description":"(array) secrets represents a list of secrets and their destinations that will be used only for the build.","description_kind":"plain"}},"source_secret":{"nesting_mode":"list","block":{"attributes":{"name":{"type":"string","description":"(string) Name of the referent. More info: https://kubernetes.io/docs/concepts/overview/working-with-objects/names/#names","description_kind":"plain","optional":true}},"description":"(v1.LocalObjectReference) sourceSecret is the name of a Secret that would be used for setting up the authentication for cloning private repository. The secret contains valid credentials for remote repository, where the data's key represent the authentication method to be used and value is the base64 encoded credentials. Supported auth methods are: ssh-privatekey.","description_kind":"plain"}}},"description":"(v1.BuildSource) source describes the SCM in use.","description_kind":"plain"},"max_items":1},"strategy":{"nesting_mode":"list","block":{"attributes":{"type":{"type":"string","description":"(string) type is the kind of build strategy.","description_kind":"plain","optional":true}},"block_types":{"docker_strategy":{"nesting_mode":"list","block":{"attributes":{"dockerfile_path":{"type":"string","description":"(string) dockerfilePath is the path of the Dockerfile that will be used to build the Docker image, relative to the root of the context (contextDir).","description_kind":"plain","optional":true},"force_pull":{"type":"bool","description":"(boolean) forcePull describes if the builder should pull the images from registry prior to building.","description_kind":"plain","optional":true},"image_optimization_policy":{"type":"string","description":"(string) imageOptimizationPolicy describes what optimizations the system can use when building images to reduce the final size or time spent building the image. The default policy is 'None' which means the final build image will be equivalent to an image created by the Docker build API. The experimental policy 'SkipLayers' will avoid committing new layers in between each image step, and will fail if the Dockerfile cannot provide compatibility with the 'None' policy. An additional experimental policy 'SkipLayersAndWarn' is the same as 'SkipLayers' but simply warns if compatibility cannot be preserved.","description_kind":"plain","optional":true},"no_cache":{"type":"bool","description":"(boolean) noCache if set to true indicates that the docker build must be executed with the --no-cache=true flag","description_kind":"plain","optional":true}},"block_types":{"build_args":{"nesting_mode":"list","block":{"attributes":{"name":{"type":"string","description":"(string) Name of the environment variable. Must be a C_IDENTIFIER.","description_kind":"plain","optional":true},"value":{"type":"string","description":"(string) Variable references $(VAR_NAME) are expanded using the previous defined environment variables in the container and any service environment variables. If a variable cannot be resolved, the reference in the input string will be unchanged. The $(VAR_NAME) syntax can be escaped with a double $$, ie: $$(VAR_NAME). Escaped references will never be expanded, regardless of whether the variable exists or not. Defaults to \"\".","description_kind":"plain","optional":true}},"block_types":{"value_from":{"nesting_mode":"list","block":{"block_types":{"config_map_key_ref":{"nesting_mode":"list","block":{"attributes":{"key":{"type":"string","description":"The key to select.","description_kind":"plain","optional":true},"name":{"type":"string","description":"Name of the referent. More info: http://kubernetes.io/docs/user-guide/identifiers#names","description_kind":"plain","optional":true}},"description":"Selects a key of a ConfigMap.","description_kind":"plain"},"max_items":1},"field_ref":{"nesting_mode":"list","block":{"attributes":{"api_version":{"type":"string","description":"Version of the schema the FieldPath is written in terms of, defaults to \"v1\".","description_kind":"plain","optional":true},"field_path":{"type":"string","description":"Path of the field to select in the specified API version","description_kind":"plain","optional":true}},"description":"Selects a field of the pod: supports metadata.name, metadata.namespace, metadata.labels, metadata.annotations, spec.nodeName, spec.serviceAccountName, status.podIP..","description_kind":"plain"},"max_items":1},"resource_field_ref":{"nesting_mode":"list","block":{"attributes":{"container_name":{"type":"string","description_kind":"plain","optional":true},"resource":{"type":"string","description":"Resource to select","description_kind":"plain","required":true}},"description":"Selects a field of the pod: supports metadata.name, metadata.namespace, metadata.labels, metadata.annotations, spec.nodeName, spec.serviceAccountName, status.podIP..","description_kind":"plain"},"max_items":1},"secret_key_ref":{"nesting_mode":"list","block":{"attributes":{"key":{"type":"string","description":"The key of the secret to select from. Must be a valid secret key.","description_kind":"plain","optional":true},"name":{"type":"string","description":"Name of the referent. More info: http://kubernetes.io/docs/user-guide/identifiers#names","description_kind":"plain","optional":true}},"description":"Selects a field of the pod: supports metadata.name, metadata.namespace, metadata.labels, metadata.annotations, spec.nodeName, spec.serviceAccountName, status.podIP..","description_kind":"plain"},"max_items":1}},"description":"Source for the environment variable's value","description_kind":"plain"},"max_items":1}},"description":"(array) buildArgs contains build arguments that will be resolved in the Dockerfile.  See https://docs.docker.com/engine/reference/builder/#/arg for more details.","description_kind":"plain"}},"env":{"nesting_mode":"list","block":{"attributes":{"name":{"type":"string","description":"(string) Name of the environment variable. Must be a C_IDENTIFIER.","description_kind":"plain","optional":true},"value":{"type":"string","description":"(string) Variable references $(VAR_NAME) are expanded using the previous defined environment variables in the container and any service environment variables. If a variable cannot be resolved, the reference in the input string will be unchanged. The $(VAR_NAME) syntax can be escaped with a double $$, ie: $$(VAR_NAME). Escaped references will never be expanded, regardless of whether the variable exists or not. Defaults to \"\".","description_kind":"plain","optional":true}},"block_types":{"value_from":{"nesting_mode":"list","block":{"block_types":{"config_map_key_ref":{"nesting_mode":"list","block":{"attributes":{"key":{"type":"string","description":"The key to select.","description_kind":"plain","optional":true},"name":{"type":"string","description":"Name of the referent. More info: http://kubernetes.io/docs/user-guide/identifiers#names","description_kind":"plain","optional":true}},"description":"Selects a key of a ConfigMap.","description_kind":"plain"},"max_items":1},"field_ref":{"nesting_mode":"list","block":{"attributes":{"api_version":{"type":"string","description":"Version of the schema the FieldPath is written in terms of, defaults to \"v1\".","description_kind":"plain","optional":true},"field_path":{"type":"string","description":"Path of the field to select in the specified API version","description_kind":"plain","optional":true}},"description":"Selects a field of the pod: supports metadata.name, metadata.namespace, metadata.labels, metadata.annotations, spec.nodeName, spec.serviceAccountName, status.podIP..","description_kind":"plain"},"max_items":1},"resource_field_ref":{"nesting_mode":"list","block":{"attributes":{"container_name":{"type":"string","description_kind":"plain","optional":true},"resource":{"type":"string","description":"Resource to select","description_kind":"plain","required":true}},"description":"Selects a field of the pod: supports metadata.name, metadata.namespace, metadata.labels, metadata.annotations, spec.nodeName, spec.serviceAccountName, status.podIP..","description_kind":"plain"},"max_items":1},"secret_key_ref":{"nesting_mode":"list","block":{"attributes":{"key":{"type":"string","description":"The key of the secret to select from. Must be a valid secret key.","description_kind":"plain","optional":true},"name":{"type":"string","description":"Name of the referent. More info: http://kubernetes.io/docs/user-guide/identifiers#names","description_kind":"plain","optional":true}},"description":"Selects a field of the pod: supports metadata.name, metadata.namespace, metadata.labels, metadata.annotations, spec.nodeName, spec.serviceAccountName, status.podIP..","description_kind":"plain"},"max_items":1}},"description":"Source for the environment variable's value","description_kind":"plain"},"max_items":1}},"description":"(array) env contains additional environment variables you want to pass into a builder container.","description_kind":"plain"}},"from":{"nesting_mode":"list","block":{"attributes":{"api_version":{"type":"string","description":"(string) API version of the referent.","description_kind":"plain","optional":true},"field_path":{"type":"string","description":"(string) If referring to a piece of an object instead of an entire object, this string should contain a valid JSON/Go field access statement, such as desiredState.manifest.containers[2]. For example, if the object reference is to a container within a pod, this would take on a value like: \"spec.containers{name}\" (where \"name\" refers to the name of the container that triggered the event) or if no container name is specified \"spec.containers[2]\" (container with index 2 in this pod). This syntax is chosen only to have some well-defined way of referencing a part of an object.","description_kind":"plain","optional":true},"kind":{"type":"string","description":"(string) Kind of the referent. More info: https://git.k8s.io/community/contributors/devel/api-conventions.md#types-kinds","description_kind":"plain","optional":true},"name":{"type":"string","description":"(string) Name of the referent. More info: https://kubernetes.io/docs/concepts/overview/working-with-objects/names/#names","description_kind":"plain","optional":true},"namespace":{"type":"string","description":"(string) Namespace of the referent. More info: https://kubernetes.io/docs/concepts/overview/working-with-objects/namespaces/","description_kind":"plain","optional":true},"resource_version":{"type":"string","description":"(string) Specific resource_version to which this reference is made, if any. More info: https://git.k8s.io/community/contributors/devel/api-conventions.md#concurrency-control-and-consistency","description_kind":"plain","optional":true},"uid":{"type":"string","description":"(string) UID of the referent. More info: https://kubernetes.io/docs/concepts/overview/working-with-objects/names/#uids","description_kind":"plain","optional":true}},"description":"(v1.ObjectReference) from is a reference to an ImageStreamTag, ImageStreamImage, or DockerImage to copy source from.","description_kind":"plain"}},"pull_secret":{"nesting_mode":"list","block":{"attributes":{"name":{"type":"string","description":"(string) Name of the referent. More info: https://kubernetes.io/docs/concepts/overview/working-with-objects/names/#names","description_kind":"plain","optional":true}},"description":"(v1.LocalObjectReference) pullSecret is a reference to a secret to be used to pull the image from a registry If the image is pulled from the OpenShift registry, this field does not need to be set.","description_kind":"plain"}}},"description":"(v1.DockerBuildStrategy) dockerStrategy holds the parameters to the Docker build strategy.","description_kind":"plain"}},"jenkins_pipeline_strategy":{"nesting_mode":"list","block":{"attributes":{"jenkinsfile":{"type":"string","description":"(string) Jenkinsfile defines the optional raw contents of a Jenkinsfile which defines a Jenkins pipeline build.","description_kind":"plain","optional":true},"jenkinsfile_path":{"type":"string","description":"(string) JenkinsfilePath is the optional path of the Jenkinsfile that will be used to configure the pipeline relative to the root of the context (contextDir). If both JenkinsfilePath \u0026 Jenkinsfile are both not specified, this defaults to Jenkinsfile in the root of the specified contextDir.","description_kind":"plain","optional":true}},"block_types":{"env":{"nesting_mode":"list","block":{"attributes":{"name":{"type":"string","description":"(string) Name of the environment variable. Must be a C_IDENTIFIER.","description_kind":"plain","optional":true},"value":{"type":"string","description":"(string) Variable references $(VAR_NAME) are expanded using the previous defined environment variables in the container and any service environment variables. If a variable cannot be resolved, the reference in the input string will be unchanged. The $(VAR_NAME) syntax can be escaped with a double $$, ie: $$(VAR_NAME). Escaped references will never be expanded, regardless of whether the variable exists or not. Defaults to \"\".","description_kind":"plain","optional":true}},"block_types":{"value_from":{"nesting_mode":"list","block":{"block_types":{"config_map_key_ref":{"nesting_mode":"list","block":{"attributes":{"key":{"type":"string","description":"The key to select.","description_kind":"plain","optional":true},"name":{"type":"string","description":"Name of the referent. More info: http://kubernetes.io/docs/user-guide/identifiers#names","description_kind":"plain","optional":true}},"description":"Selects a key of a ConfigMap.","description_kind":"plain"},"max_items":1},"field_ref":{"nesting_mode":"list","block":{"attributes":{"api_version":{"type":"string","description":"Version of the schema the FieldPath is written in terms of, defaults to \"v1\".","description_kind":"plain","optional":true},"field_path":{"type":"string","description":"Path of the field to select in the specified API version","description_kind":"plain","optional":true}},"description":"Selects a field of the pod: supports metadata.name, metadata.namespace, metadata.labels, metadata.annotations, spec.nodeName, spec.serviceAccountName, status.podIP..","description_kind":"plain"},"max_items":1},"resource_field_ref":{"nesting_mode":"list","block":{"attributes":{"container_name":{"type":"string","description_kind":"plain","optional":true},"resource":{"type":"string","description":"Resource to select","description_kind":"plain","required":true}},"description":"Selects a field of the pod: supports metadata.name, metadata.namespace, metadata.labels, metadata.annotations, spec.nodeName, spec.serviceAccountName, status.podIP..","description_kind":"plain"},"max_items":1},"secret_key_ref":{"nesting_mode":"list","block":{"attributes":{"key":{"type":"string","description":"The key of the secret to select from. Must be a valid secret key.","description_kind":"plain","optional":true},"name":{"type":"string","description":"Name of the referent. More info: http://kubernetes.io/docs/user-guide/identifiers#names","description_kind":"plain","optional":true}},"description":"Selects a field of the pod: supports metadata.name, metadata.namespace, metadata.labels, metadata.annotations, spec.nodeName, spec.serviceAccountName, status.podIP..","description_kind":"plain"},"max_items":1}},"description":"Source for the environment variable's value","description_kind":"plain"},"max_items":1}},"description":"(array) env contains additional environment variables you want to pass into a builder container.","description_kind":"plain"}}},"description":"(v1.JenkinsPipelineBuildStrategy) JenkinsPipelineStrategy holds the parameters to the Jenkins Pipeline build strategy. This strategy is in tech preview.","description_kind":"plain"}},"source_strategy":{"nesting_mode":"list","block":{"attributes":{"force_pull":{"type":"bool","description":"(boolean) forcePull describes if the builder should pull the images from registry prior to building.","description_kind":"plain","optional":true},"incremental":{"type":"bool","description":"(boolean) incremental flag forces the Source build to do incremental builds if true.","description_kind":"plain","optional":true},"scripts":{"type":"string","description":"(string) scripts is the location of Source scripts","description_kind":"plain","optional":true}},"block_types":{"env":{"nesting_mode":"list","block":{"attributes":{"name":{"type":"string","description":"(string) Name of the environment variable. Must be a C_IDENTIFIER.","description_kind":"plain","optional":true},"value":{"type":"string","description":"(string) Variable references $(VAR_NAME) are expanded using the previous defined environment variables in the container and any service environment variables. If a variable cannot be resolved, the reference in the input string will be unchanged. The $(VAR_NAME) syntax can be escaped with a double $$, ie: $$(VAR_NAME). Escaped references will never be expanded, regardless of whether the variable exists or not. Defaults to \"\".","description_kind":"plain","optional":true}},"block_types":{"value_from":{"nesting_mode":"list","block":{"block_types":{"config_map_key_ref":{"nesting_mode":"list","block":{"attributes":{"key":{"type":"string","description":"The key to select.","description_kind":"plain","optional":true},"name":{"type":"string","description":"Name of the referent. More info: http://kubernetes.io/docs/user-guide/identifiers#names","description_kind":"plain","optional":true}},"description":"Selects a key of a ConfigMap.","description_kind":"plain"},"max_items":1},"field_ref":{"nesting_mode":"list","block":{"attributes":{"api_version":{"type":"string","description":"Version of the schema the FieldPath is written in terms of, defaults to \"v1\".","description_kind":"plain","optional":true},"field_path":{"type":"string","description":"Path of the field to select in the specified API version","description_kind":"plain","optional":true}},"description":"Selects a field of the pod: supports metadata.name, metadata.namespace, metadata.labels, metadata.annotations, spec.nodeName, spec.serviceAccountName, status.podIP..","description_kind":"plain"},"max_items":1},"resource_field_ref":{"nesting_mode":"list","block":{"attributes":{"container_name":{"type":"string","description_kind":"plain","optional":true},"resource":{"type":"string","description":"Resource to select","description_kind":"plain","required":true}},"description":"Selects a field of the pod: supports metadata.name, metadata.namespace, metadata.labels, metadata.annotations, spec.nodeName, spec.serviceAccountName, status.podIP..","description_kind":"plain"},"max_items":1},"secret_key_ref":{"nesting_mode":"list","block":{"attributes":{"key":{"type":"string","description":"The key of the secret to select from. Must be a valid secret key.","description_kind":"plain","optional":true},"name":{"type":"string","description":"Name of the referent. More info: http://kubernetes.io/docs/user-guide/identifiers#names","description_kind":"plain","optional":true}},"description":"Selects a field of the pod: supports metadata.name, metadata.namespace, metadata.labels, metadata.annotations, spec.nodeName, spec.serviceAccountName, status.podIP..","description_kind":"plain"},"max_items":1}},"description":"Source for the environment variable's value","description_kind":"plain"},"max_items":1}},"description":"(array) env contains additional environment variables you want to pass into a builder container.","description_kind":"plain"}},"from":{"nesting_mode":"list","block":{"attributes":{"api_version":{"type":"string","description":"(string) API version of the referent.","description_kind":"plain","optional":true},"field_path":{"type":"string","description":"(string) If referring to a piece of an object instead of an entire object, this string should contain a valid JSON/Go field access statement, such as desiredState.manifest.containers[2]. For example, if the object reference is to a container within a pod, this would take on a value like: \"spec.containers{name}\" (where \"name\" refers to the name of the container that triggered the event) or if no container name is specified \"spec.containers[2]\" (container with index 2 in this pod). This syntax is chosen only to have some well-defined way of referencing a part of an object.","description_kind":"plain","optional":true},"kind":{"type":"string","description":"(string) Kind of the referent. More info: https://git.k8s.io/community/contributors/devel/api-conventions.md#types-kinds","description_kind":"plain","optional":true},"name":{"type":"string","description":"(string) Name of the referent. More info: https://kubernetes.io/docs/concepts/overview/working-with-objects/names/#names","description_kind":"plain","optional":true},"namespace":{"type":"string","description":"(string) Namespace of the referent. More info: https://kubernetes.io/docs/concepts/overview/working-with-objects/namespaces/","description_kind":"plain","optional":true},"resource_version":{"type":"string","description":"(string) Specific resource_version to which this reference is made, if any. More info: https://git.k8s.io/community/contributors/devel/api-conventions.md#concurrency-control-and-consistency","description_kind":"plain","optional":true},"uid":{"type":"string","description":"(string) UID of the referent. More info: https://kubernetes.io/docs/concepts/overview/working-with-objects/names/#uids","description_kind":"plain","optional":true}},"description":"(v1.ObjectReference) from is a reference to an ImageStreamTag, ImageStreamImage, or DockerImage to copy source from.","description_kind":"plain"}},"pull_secret":{"nesting_mode":"list","block":{"attributes":{"name":{"type":"string","description":"(string) Name of the referent. More info: https://kubernetes.io/docs/concepts/overview/working-with-objects/names/#names","description_kind":"plain","optional":true}},"description":"(v1.LocalObjectReference) pullSecret is a reference to a secret to be used to pull the image from a registry If the image is pulled from the OpenShift registry, this field does not need to be set.","description_kind":"plain"}},"runtime_artifacts":{"nesting_mode":"list","block":{"attributes":{"destination_dir":{"type":"string","description":"(string) destinationDir is the relative directory within the build directory where files copied from the image are placed.","description_kind":"plain","optional":true},"source_path":{"type":"string","description":"(string) sourcePath is the absolute path of the file or directory inside the image to copy to the build directory.  If the source path ends in /. then the content of the directory will be copied, but the directory itself will not be created at the destination.","description_kind":"plain","optional":true}},"description":"(array) runtimeArtifacts specifies a list of source/destination pairs that will be copied from the builder to the runtime image. sourcePath can be a file or directory. destinationDir must be a directory. destinationDir can also be empty or equal to \".\", in this case it just refers to the root of WORKDIR. Deprecated: This feature will be removed in a future release. Use ImageSource to copy binary artifacts created from one build into a separate runtime image.","description_kind":"plain"}},"runtime_image":{"nesting_mode":"list","block":{"attributes":{"api_version":{"type":"string","description":"(string) API version of the referent.","description_kind":"plain","optional":true},"field_path":{"type":"string","description":"(string) If referring to a piece of an object instead of an entire object, this string should contain a valid JSON/Go field access statement, such as desiredState.manifest.containers[2]. For example, if the object reference is to a container within a pod, this would take on a value like: \"spec.containers{name}\" (where \"name\" refers to the name of the container that triggered the event) or if no container name is specified \"spec.containers[2]\" (container with index 2 in this pod). This syntax is chosen only to have some well-defined way of referencing a part of an object.","description_kind":"plain","optional":true},"kind":{"type":"string","description":"(string) Kind of the referent. More info: https://git.k8s.io/community/contributors/devel/api-conventions.md#types-kinds","description_kind":"plain","optional":true},"name":{"type":"string","description":"(string) Name of the referent. More info: https://kubernetes.io/docs/concepts/overview/working-with-objects/names/#names","description_kind":"plain","optional":true},"namespace":{"type":"string","description":"(string) Namespace of the referent. More info: https://kubernetes.io/docs/concepts/overview/working-with-objects/namespaces/","description_kind":"plain","optional":true},"resource_version":{"type":"string","description":"(string) Specific resource_version to which this reference is made, if any. More info: https://git.k8s.io/community/contributors/devel/api-conventions.md#concurrency-control-and-consistency","description_kind":"plain","optional":true},"uid":{"type":"string","description":"(string) UID of the referent. More info: https://kubernetes.io/docs/concepts/overview/working-with-objects/names/#uids","description_kind":"plain","optional":true}},"description":"(v1.ObjectReference) runtimeImage is an optional image that is used to run an application without unneeded dependencies installed. The building of the application is still done in the builder image but, post build, you can copy the needed artifacts in the runtime image for use. Deprecated: This feature will be removed in a future release. Use ImageSource to copy binary artifacts created from one build into a separate runtime image.","description_kind":"plain"}}},"description":"(v1.SourceBuildStrategy) sourceStrategy holds the parameters to the Source build strategy.","description_kind":"plain"}}},"description":"(v1.BuildStrategy) strategy defines how to perform a build.","description_kind":"plain"}},"trigger":{"nesting_mode":"list","block":{"attributes":{"type":{"type":"string","description":"(string) type is the type of build trigger","description_kind":"plain","optional":true}},"block_types":{"bitbucket":{"nesting_mode":"list","block":{"attributes":{"allow_env":{"type":"bool","description":"(boolean) allowEnv determines whether the webhook can set environment variables; can only be set to true for GenericWebHook.","description_kind":"plain","optional":true},"secret":{"type":"string","description":"(string) secret used to validate requests.","description_kind":"plain","optional":true}},"description":"(v1.WebHookTrigger) BitbucketWebHook contains the parameters for a Bitbucket webhook type of trigger","description_kind":"plain"}},"generic":{"nesting_mode":"list","block":{"attributes":{"allow_env":{"type":"bool","description":"(boolean) allowEnv determines whether the webhook can set environment variables; can only be set to true for GenericWebHook.","description_kind":"plain","optional":true},"secret":{"type":"string","description":"(string) secret used to validate requests.","description_kind":"plain","optional":true}},"description":"(v1.WebHookTrigger) generic contains the parameters for a Generic webhook type of trigger","description_kind":"plain"}},"github":{"nesting_mode":"list","block":{"attributes":{"allow_env":{"type":"bool","description":"(boolean) allowEnv determines whether the webhook can set environment variables; can only be set to true for GenericWebHook.","description_kind":"plain","optional":true},"secret":{"type":"string","description":"(string) secret used to validate requests.","description_kind":"plain","optional":true}},"description":"(v1.WebHookTrigger) github contains the parameters for a GitHub webhook type of trigger","description_kind":"plain"}},"gitlab":{"nesting_mode":"list","block":{"attributes":{"allow_env":{"type":"bool","description":"(boolean) allowEnv determines whether the webhook can set environment variables; can only be set to true for GenericWebHook.","description_kind":"plain","optional":true},"secret":{"type":"string","description":"(string) secret used to validate requests.","description_kind":"plain","optional":true}},"description":"(v1.WebHookTrigger) GitLabWebHook contains the parameters for a GitLab webhook type of trigger","description_kind":"plain"}},"image_change":{"nesting_mode":"list","block":{"attributes":{"last_triggered_image_id":{"type":"string","description":"(string) lastTriggeredImageID is used internally by the ImageChangeController to save last used image ID for build","description_kind":"plain","optional":true}},"block_types":{"from":{"nesting_mode":"list","block":{"attributes":{"api_version":{"type":"string","description":"(string) API version of the referent.","description_kind":"plain","optional":true},"field_path":{"type":"string","description":"(string) If referring to a piece of an object instead of an entire object, this string should contain a valid JSON/Go field access statement, such as desiredState.manifest.containers[2]. For example, if the object reference is to a container within a pod, this would take on a value like: \"spec.containers{name}\" (where \"name\" refers to the name of the container that triggered the event) or if no container name is specified \"spec.containers[2]\" (container with index 2 in this pod). This syntax is chosen only to have some well-defined way of referencing a part of an object.","description_kind":"plain","optional":true},"kind":{"type":"string","description":"(string) Kind of the referent. More info: https://git.k8s.io/community/contributors/devel/api-conventions.md#types-kinds","description_kind":"plain","optional":true},"name":{"type":"string","description":"(string) Name of the referent. More info: https://kubernetes.io/docs/concepts/overview/working-with-objects/names/#names","description_kind":"plain","optional":true},"namespace":{"type":"string","description":"(string) Namespace of the referent. More info: https://kubernetes.io/docs/concepts/overview/working-with-objects/namespaces/","description_kind":"plain","optional":true},"resource_version":{"type":"string","description":"(string) Specific resource_version to which this reference is made, if any. More info: https://git.k8s.io/community/contributors/devel/api-conventions.md#concurrency-control-and-consistency","description_kind":"plain","optional":true},"uid":{"type":"string","description":"(string) UID of the referent. More info: https://kubernetes.io/docs/concepts/overview/working-with-objects/names/#uids","description_kind":"plain","optional":true}},"description":"(v1.ObjectReference) from is a reference to an ImageStreamTag, ImageStreamImage, or DockerImage to copy source from.","description_kind":"plain"}}},"description":"(v1.WebHookTrigger) GitLabWebHook contains the parameters for a GitLab webhook type of trigger","description_kind":"plain"}}},"description":"(array) triggers determine how new Builds can be launched from a BuildConfig. If no triggers are defined, a new build can only occur as a result of an explicit client build creation.","description_kind":"plain"}}},"description":"(v1.BuildConfigSpec) spec holds all the input necessary to produce a new build, and the conditions when to trigger them.","description_kind":"plain"},"min_items":1,"max_items":1}},"description_kind":"plain"}},"openshift_deployment_config":{"version":0,"block":{"attributes":{"id":{"type":"string","description_kind":"plain","optional":true,"computed":true}},"block_types":{"metadata":{"nesting_mode":"list","block":{"attributes":{"annotations":{"type":["map","string"],"description":"An unstructured key value map stored with the pod that may be used to store arbitrary metadata. More info: http://kubernetes.io/docs/user-guide/annotations","description_kind":"plain","optional":true},"generate_name":{"type":"string","description":"Prefix, used by the server, to generate a unique name ONLY IF the `name` field has not been provided. This value will also be combined with a unique suffix. Read more: https://github.com/kubernetes/community/blob/master/contributors/devel/api-conventions.md#idempotency","description_kind":"plain","optional":true},"generation":{"type":"number","description":"A sequence number representing a specific generation of the desired state.","description_kind":"plain","computed":true},"labels":{"type":["map","string"],"description":"Map of string keys and values that can be used to organize and categorize (scope and select) the pod. May match selectors of replication controllers and services. More info: http://kubernetes.io/docs/user-guide/labels","description_kind":"plain","optional":true},"name":{"type":"string","description":"Name of the pod, must be unique. Cannot be updated. More info: http://kubernetes.io/docs/user-guide/identifiers#names","description_kind":"plain","optional":true,"computed":true},"namespace":{"type":"string","description":"Namespace defines the space within which name of the pod must be unique.","description_kind":"plain","optional":true},"resource_version":{"type":"string","description":"An opaque value that represents the internal version of this pod that can be used by clients to determine when pod has changed. Read more: https://github.com/kubernetes/community/blob/master/contributors/devel/api-conventions.md#concurrency-control-and-consistency","description_kind":"plain","computed":true},"self_link":{"type":"string","description":"A URL representing this pod.","description_kind":"plain","computed":true},"uid":{"type":"string","description":"The unique in time and space value for this pod. More info: http://kubernetes.io/docs/user-guide/identifiers#uids","description_kind":"plain","computed":true}},"description":"Standard pod's metadata. More info: https://github.com/kubernetes/community/blob/master/contributors/devel/api-conventions.md#metadata","description_kind":"plain"},"min_items":1,"max_items":1},"spec":{"nesting_mode":"list","block":{"attributes":{"min_ready_seconds":{"type":"number","description":"(integer) MinReadySeconds is the minimum number of seconds for which a newly created pod should be ready without any of its container crashing, for it to be considered available. Defaults to 0 (pod will be considered available as soon as it is ready)","description_kind":"plain","optional":true},"paused":{"type":"bool","description":"(boolean) Paused indicates that the deployment config is paused resulting in no new deployments on template changes or changes in the template caused by other triggers.","description_kind":"plain","optional":true},"replicas":{"type":"number","description":"(integer) Replicas is the number of desired replicas.","description_kind":"plain","optional":true},"revision_history_limit":{"type":"number","description":"(integer) RevisionHistoryLimit is the number of old ReplicationControllers to retain to allow for rollbacks. This field is a pointer to allow for differentiation between an explicit zero and not specified. Defaults to 10. (This only applies to DeploymentConfigs created via the new group API resource, not the legacy resource.)","description_kind":"plain","optional":true},"selector":{"type":["map","string"],"description":"(object) Selector is a label query over pods that should match the Replicas count.","description_kind":"plain","optional":true}},"block_types":{"strategy":{"nesting_mode":"list","block":{"attributes":{"active_deadline_seconds":{"type":"number","description":"(integer) ActiveDeadlineSeconds is the duration in seconds that the deployer pods for this deployment config may be active on a node before the system actively tries to terminate them.","description_kind":"plain","optional":true},"type":{"type":"string","description":"(string) Type is the name of a deployment strategy.","description_kind":"plain","optional":true}},"block_types":{"resources":{"nesting_mode":"list","block":{"block_types":{"limits":{"nesting_mode":"list","block":{"attributes":{"cpu":{"type":"string","description_kind":"plain","optional":true,"computed":true},"memory":{"type":"string","description_kind":"plain","optional":true,"computed":true}},"description":"Describes the maximum amount of compute resources allowed. More info: http://kubernetes.io/docs/user-guide/compute-resources/","description_kind":"plain"},"max_items":1},"requests":{"nesting_mode":"list","block":{"attributes":{"cpu":{"type":"string","description_kind":"plain","optional":true,"computed":true},"memory":{"type":"string","description_kind":"plain","optional":true,"computed":true}},"description_kind":"plain"},"max_items":1}},"description":"(v1.ResourceRequirements) Resources contains resource requirements to execute the deployment and any hooks.","description_kind":"plain"},"max_items":1},"rolling_params":{"nesting_mode":"list","block":{"attributes":{"interval_seconds":{"type":"number","description":"(integer) IntervalSeconds is the time to wait between polling deployment status after update. If the value is nil, a default will be used.","description_kind":"plain","optional":true},"max_surge":{"type":"string","description":"(intstr.IntOrString) MaxSurge is the maximum number of pods that can be scheduled above the original number of pods. Value can be an absolute number (ex: 5) or a percentage of total pods at the start of the update (ex: 10%). Absolute number is calculated from percentage by rounding up. This cannot be 0 if MaxUnavailable is 0. By default, 25% is used. Example: when this is set to 30%, the new RC can be scaled up by 30% immediately when the rolling update starts. Once old pods have been killed, new RC can be scaled up further, ensuring that total number of pods running at any time during the update is atmost 130% of original pods.","description_kind":"plain","optional":true},"max_unavailable":{"type":"string","description":"(intstr.IntOrString) MaxUnavailable is the maximum number of pods that can be unavailable during the update. Value can be an absolute number (ex: 5) or a percentage of total pods at the start of update (ex: 10%). Absolute number is calculated from percentage by rounding down. This cannot be 0 if MaxSurge is 0. By default, 25% is used. Example: when this is set to 30%, the old RC can be scaled down by 30% immediately when the rolling update starts. Once new pods are ready, old RC can be scaled down further, followed by scaling up the new RC, ensuring that at least 70% of original number of pods are available at all times during the update.","description_kind":"plain","optional":true},"timeout_seconds":{"type":"number","description":"(integer) TimeoutSeconds is the time to wait for updates before giving up. If the value is nil, a default will be used.","description_kind":"plain","optional":true},"update_period_seconds":{"type":"number","description":"(integer) UpdatePeriodSeconds is the time to wait between individual pod updates. If the value is nil, a default will be used.","description_kind":"plain","optional":true}},"description":"(v1.RollingDeploymentStrategyParams) RollingParams are the input to the Rolling deployment strategy.","description_kind":"plain"},"max_items":1}},"description":"(v1.DeploymentStrategy) Strategy describes how a deployment is executed.","description_kind":"plain"},"max_items":1},"template":{"nesting_mode":"list","block":{"block_types":{"metadata":{"nesting_mode":"list","block":{"attributes":{"annotations":{"type":["map","string"],"description":"An unstructured key value map stored with the pod that may be used to store arbitrary metadata. More info: http://kubernetes.io/docs/user-guide/annotations","description_kind":"plain","optional":true},"generate_name":{"type":"string","description":"Prefix, used by the server, to generate a unique name ONLY IF the `name` field has not been provided. This value will also be combined with a unique suffix. Read more: https://github.com/kubernetes/community/blob/master/contributors/devel/api-conventions.md#idempotency","description_kind":"plain","optional":true},"generation":{"type":"number","description":"A sequence number representing a specific generation of the desired state.","description_kind":"plain","computed":true},"labels":{"type":["map","string"],"description":"Map of string keys and values that can be used to organize and categorize (scope and select) the pod. May match selectors of replication controllers and services. More info: http://kubernetes.io/docs/user-guide/labels","description_kind":"plain","optional":true},"name":{"type":"string","description":"Name of the pod, must be unique. Cannot be updated. More info: http://kubernetes.io/docs/user-guide/identifiers#names","description_kind":"plain","optional":true,"computed":true},"namespace":{"type":"string","description":"Namespace defines the space within which name of the pod must be unique.","description_kind":"plain","optional":true},"resource_version":{"type":"string","description":"An opaque value that represents the internal version of this pod that can be used by clients to determine when pod has changed. Read more: https://github.com/kubernetes/community/blob/master/contributors/devel/api-conventions.md#concurrency-control-and-consistency","description_kind":"plain","computed":true},"self_link":{"type":"string","description":"A URL representing this pod.","description_kind":"plain","computed":true},"uid":{"type":"string","description":"The unique in time and space value for this pod. More info: http://kubernetes.io/docs/user-guide/identifiers#uids","description_kind":"plain","computed":true}},"description":"Standard pod's metadata. More info: https://github.com/kubernetes/community/blob/master/contributors/devel/api-conventions.md#metadata","description_kind":"plain"},"min_items":1,"max_items":1},"spec":{"nesting_mode":"list","block":{"attributes":{"active_deadline_seconds":{"type":"number","description":"Optional duration in seconds the pod may be active on the node relative to StartTime before the system will actively try to mark it failed and kill associated containers. Value must be a positive integer.","description_kind":"plain","optional":true},"automount_service_account_token":{"type":"bool","description":"AutomountServiceAccountToken indicates whether a service account token should be automatically mounted.","description_kind":"plain","optional":true},"dns_policy":{"type":"string","description":"Set DNS policy for containers within the pod. Valid values are 'ClusterFirstWithHostNet', 'ClusterFirst', 'Default' or 'None'. DNS parameters given in DNSConfig will be merged with the policy selected with DNSPolicy. To have DNS options set along with hostNetwork, you have to specify DNS policy explicitly to 'ClusterFirstWithHostNet'. Optional: Defaults to 'ClusterFirst', see [Kubernetes reference](https://kubernetes.io/docs/concepts/services-networking/dns-pod-service/#pod-s-dns-policy).","description_kind":"plain","optional":true},"host_ipc":{"type":"bool","description":"Use the host's ipc namespace. Optional: Defaults to false.","description_kind":"plain","optional":true},"host_network":{"type":"bool","description":"Host networking requested for this pod. Use the host's network namespace. If this option is set, the ports that will be used must be specified.","description_kind":"plain","optional":true},"host_pid":{"type":"bool","description":"Use the host's pid namespace.","description_kind":"plain","optional":true},"hostname":{"type":"string","description":"Specifies the hostname of the Pod If not specified, the pod's hostname will be set to a system-defined value.","description_kind":"plain","optional":true,"computed":true},"node_name":{"type":"string","description":"NodeName is a request to schedule this pod onto a specific node. If it is non-empty, the scheduler simply schedules this pod onto that node, assuming that it fits resource requirements.","description_kind":"plain","optional":true,"computed":true},"node_selector":{"type":["map","string"],"description":"NodeSelector is a selector which must be true for the pod to fit on a node. Selector which must match a node's labels for the pod to be scheduled on that node. More info: http://kubernetes.io/docs/user-guide/node-selection.","description_kind":"plain","optional":true},"restart_policy":{"type":"string","description":"Restart policy for all containers within the pod. One of Always, OnFailure, Never. More info: http://kubernetes.io/docs/user-guide/pod-states#restartpolicy.","description_kind":"plain","optional":true},"service_account_name":{"type":"string","description":"ServiceAccountName is the name of the ServiceAccount to use to run this pod. More info: http://releases.k8s.io/HEAD/docs/design/service_accounts.md.","description_kind":"plain","optional":true,"computed":true},"subdomain":{"type":"string","description":"If specified, the fully qualified Pod hostname will be \"...svc.\". If not specified, the pod will not have a domainname at all..","description_kind":"plain","optional":true},"termination_grace_period_seconds":{"type":"number","description":"Optional duration in seconds the pod needs to terminate gracefully. May be decreased in delete request. Value must be non-negative integer. The value zero indicates delete immediately. If this value is nil, the default grace period will be used instead. The grace period is the duration in seconds after the processes running in the pod are sent a termination signal and the time when the processes are forcibly halted with a kill signal. Set this value longer than the expected cleanup time for your process.","description_kind":"plain","optional":true}},"block_types":{"affinity":{"nesting_mode":"list","block":{"block_types":{"node_affinity":{"nesting_mode":"list","block":{"block_types":{"preferred_during_scheduling_ignored_during_execution":{"nesting_mode":"list","block":{"attributes":{"weight":{"type":"number","description":"weight is in the range 1-100","description_kind":"plain","required":true}},"block_types":{"preference":{"nesting_mode":"list","block":{"block_types":{"match_expressions":{"nesting_mode":"list","block":{"attributes":{"key":{"type":"string","description":"The label key that the selector applies to.","description_kind":"plain","optional":true},"operator":{"type":"string","description":"Operator represents a key's relationship to a set of values. Valid operators are In, NotIn, Exists, DoesNotExist. Gt, and Lt.","description_kind":"plain","optional":true},"values":{"type":["set","string"],"description":"Values is an array of string values. If the operator is In or NotIn, the values array must be non-empty. If the operator is Exists or DoesNotExist, the values array must be empty. If the operator is Gt or Lt, the values array must have a single element, which will be interpreted as an integer. This array is replaced during a strategic merge patch.","description_kind":"plain","optional":true}},"description":"List of node selector requirements. The requirements are ANDed.","description_kind":"plain"}}},"description":"A node selector term, associated with the corresponding weight.","description_kind":"plain"},"min_items":1,"max_items":1}},"description":"The scheduler will prefer to schedule pods to nodes that satisfy the affinity expressions specified by this field, but it may choose a node that violates one or more of the expressions. The node that is most preferred is the one with the greatest sum of weights, i.e. for each node that meets all of the scheduling requirements (resource request, RequiredDuringScheduling affinity expressions, etc.), compute a sum by iterating through the elements of this field and adding 'weight' to the sum if the node matches the corresponding MatchExpressions; the node(s) with the highest sum are the most preferred.","description_kind":"plain"}},"required_during_scheduling_ignored_during_execution":{"nesting_mode":"list","block":{"block_types":{"node_selector_term":{"nesting_mode":"list","block":{"block_types":{"match_expressions":{"nesting_mode":"list","block":{"attributes":{"key":{"type":"string","description":"The label key that the selector applies to.","description_kind":"plain","optional":true},"operator":{"type":"string","description":"Operator represents a key's relationship to a set of values. Valid operators are In, NotIn, Exists, DoesNotExist. Gt, and Lt.","description_kind":"plain","optional":true},"values":{"type":["set","string"],"description":"Values is an array of string values. If the operator is In or NotIn, the values array must be non-empty. If the operator is Exists or DoesNotExist, the values array must be empty. If the operator is Gt or Lt, the values array must have a single element, which will be interpreted as an integer. This array is replaced during a strategic merge patch.","description_kind":"plain","optional":true}},"description":"List of node selector requirements. The requirements are ANDed.","description_kind":"plain"}}},"description":"List of node selector terms. The terms are ORed.","description_kind":"plain"}}},"description":"If the affinity requirements specified by this field are not met at scheduling time, the pod will not be scheduled onto the node. If the affinity requirements specified by this field cease to be met at some point during pod execution (e.g. due to a node label update), the system may or may not try to eventually evict the pod from its node.","description_kind":"plain"},"max_items":1}},"description":"Node affinity scheduling rules for the pod.","description_kind":"plain"},"max_items":1},"pod_affinity":{"nesting_mode":"list","block":{"block_types":{"preferred_during_scheduling_ignored_during_execution":{"nesting_mode":"list","block":{"attributes":{"weight":{"type":"number","description":"weight associated with matching the corresponding podAffinityTerm, in the range 1-100","description_kind":"plain","required":true}},"block_types":{"pod_affinity_term":{"nesting_mode":"list","block":{"attributes":{"namespaces":{"type":["set","string"],"description":"namespaces specifies which namespaces the labelSelector applies to (matches against); null or empty list means 'this pod's namespace'","description_kind":"plain","optional":true},"topology_key":{"type":"string","description":"empty topology key is interpreted by the scheduler as 'all topologies'","description_kind":"plain","optional":true}},"block_types":{"label_selector":{"nesting_mode":"list","block":{"attributes":{"match_labels":{"type":["map","string"],"description":"A map of {key,value} pairs. A single {key,value} in the matchLabels map is equivalent to an element of `match_expressions`, whose key field is \"key\", the operator is \"In\", and the values array contains only \"value\". The requirements are ANDed.","description_kind":"plain","optional":true}},"block_types":{"match_expressions":{"nesting_mode":"list","block":{"attributes":{"key":{"type":"string","description":"The label key that the selector applies to.","description_kind":"plain","optional":true},"operator":{"type":"string","description":"A key's relationship to a set of values. Valid operators ard `In`, `NotIn`, `Exists` and `DoesNotExist`.","description_kind":"plain","optional":true},"values":{"type":["set","string"],"description":"An array of string values. If the operator is `In` or `NotIn`, the values array must be non-empty. If the operator is `Exists` or `DoesNotExist`, the values array must be empty. This array is replaced during a strategic merge patch.","description_kind":"plain","optional":true}},"description":"A list of label selector requirements. The requirements are ANDed.","description_kind":"plain"}}},"description":"A label query over a set of resources, in this case pods.","description_kind":"plain"}}},"description":"A pod affinity term, associated with the corresponding weight","description_kind":"plain"},"min_items":1,"max_items":1}},"description":"The scheduler will prefer to schedule pods to nodes that satisfy the anti-affinity expressions specified by this field, but it may choose a node that violates one or more of the expressions. The node that is most preferred is the one with the greatest sum of weights, i.e. for each node that meets all of the scheduling requirements (resource request, RequiredDuringScheduling anti-affinity expressions, etc.), compute a sum by iterating through the elements of this field and adding 'weight' to the sum if the node matches the corresponding MatchExpressions; the node(s) with the highest sum are the most preferred.","description_kind":"plain"}},"required_during_scheduling_ignored_during_execution":{"nesting_mode":"list","block":{"attributes":{"namespaces":{"type":["set","string"],"description":"namespaces specifies which namespaces the labelSelector applies to (matches against); null or empty list means 'this pod's namespace'","description_kind":"plain","optional":true},"topology_key":{"type":"string","description":"empty topology key is interpreted by the scheduler as 'all topologies'","description_kind":"plain","optional":true}},"block_types":{"label_selector":{"nesting_mode":"list","block":{"attributes":{"match_labels":{"type":["map","string"],"description":"A map of {key,value} pairs. A single {key,value} in the matchLabels map is equivalent to an element of `match_expressions`, whose key field is \"key\", the operator is \"In\", and the values array contains only \"value\". The requirements are ANDed.","description_kind":"plain","optional":true}},"block_types":{"match_expressions":{"nesting_mode":"list","block":{"attributes":{"key":{"type":"string","description":"The label key that the selector applies to.","description_kind":"plain","optional":true},"operator":{"type":"string","description":"A key's relationship to a set of values. Valid operators ard `In`, `NotIn`, `Exists` and `DoesNotExist`.","description_kind":"plain","optional":true},"values":{"type":["set","string"],"description":"An array of string values. If the operator is `In` or `NotIn`, the values array must be non-empty. If the operator is `Exists` or `DoesNotExist`, the values array must be empty. This array is replaced during a strategic merge patch.","description_kind":"plain","optional":true}},"description":"A list of label selector requirements. The requirements are ANDed.","description_kind":"plain"}}},"description":"A label query over a set of resources, in this case pods.","description_kind":"plain"}}},"description":"If the affinity requirements specified by this field are not met at scheduling time, the pod will not be scheduled onto the node. If the affinity requirements specified by this field cease to be met at some point during pod execution (e.g. due to a pod label update), the system may or may not try to eventually evict the pod from its node. When there are multiple elements, the lists of nodes corresponding to each PodAffinityTerm are intersected, i.e. all terms must be satisfied.","description_kind":"plain"}}},"description":"Inter-pod topological affinity. rules that specify that certain pods should be placed in the same topological domain (e.g. same node, same rack, same zone, same power domain, etc.)","description_kind":"plain"},"max_items":1},"pod_anti_affinity":{"nesting_mode":"list","block":{"block_types":{"preferred_during_scheduling_ignored_during_execution":{"nesting_mode":"list","block":{"attributes":{"weight":{"type":"number","description":"weight associated with matching the corresponding podAffinityTerm, in the range 1-100","description_kind":"plain","required":true}},"block_types":{"pod_affinity_term":{"nesting_mode":"list","block":{"attributes":{"namespaces":{"type":["set","string"],"description":"namespaces specifies which namespaces the labelSelector applies to (matches against); null or empty list means 'this pod's namespace'","description_kind":"plain","optional":true},"topology_key":{"type":"string","description":"empty topology key is interpreted by the scheduler as 'all topologies'","description_kind":"plain","optional":true}},"block_types":{"label_selector":{"nesting_mode":"list","block":{"attributes":{"match_labels":{"type":["map","string"],"description":"A map of {key,value} pairs. A single {key,value} in the matchLabels map is equivalent to an element of `match_expressions`, whose key field is \"key\", the operator is \"In\", and the values array contains only \"value\". The requirements are ANDed.","description_kind":"plain","optional":true}},"block_types":{"match_expressions":{"nesting_mode":"list","block":{"attributes":{"key":{"type":"string","description":"The label key that the selector applies to.","description_kind":"plain","optional":true},"operator":{"type":"string","description":"A key's relationship to a set of values. Valid operators ard `In`, `NotIn`, `Exists` and `DoesNotExist`.","description_kind":"plain","optional":true},"values":{"type":["set","string"],"description":"An array of string values. If the operator is `In` or `NotIn`, the values array must be non-empty. If the operator is `Exists` or `DoesNotExist`, the values array must be empty. This array is replaced during a strategic merge patch.","description_kind":"plain","optional":true}},"description":"A list of label selector requirements. The requirements are ANDed.","description_kind":"plain"}}},"description":"A label query over a set of resources, in this case pods.","description_kind":"plain"}}},"description":"A pod affinity term, associated with the corresponding weight","description_kind":"plain"},"min_items":1,"max_items":1}},"description":"The scheduler will prefer to schedule pods to nodes that satisfy the anti-affinity expressions specified by this field, but it may choose a node that violates one or more of the expressions. The node that is most preferred is the one with the greatest sum of weights, i.e. for each node that meets all of the scheduling requirements (resource request, RequiredDuringScheduling anti-affinity expressions, etc.), compute a sum by iterating through the elements of this field and adding 'weight' to the sum if the node matches the corresponding MatchExpressions; the node(s) with the highest sum are the most preferred.","description_kind":"plain"}},"required_during_scheduling_ignored_during_execution":{"nesting_mode":"list","block":{"attributes":{"namespaces":{"type":["set","string"],"description":"namespaces specifies which namespaces the labelSelector applies to (matches against); null or empty list means 'this pod's namespace'","description_kind":"plain","optional":true},"topology_key":{"type":"string","description":"empty topology key is interpreted by the scheduler as 'all topologies'","description_kind":"plain","optional":true}},"block_types":{"label_selector":{"nesting_mode":"list","block":{"attributes":{"match_labels":{"type":["map","string"],"description":"A map of {key,value} pairs. A single {key,value} in the matchLabels map is equivalent to an element of `match_expressions`, whose key field is \"key\", the operator is \"In\", and the values array contains only \"value\". The requirements are ANDed.","description_kind":"plain","optional":true}},"block_types":{"match_expressions":{"nesting_mode":"list","block":{"attributes":{"key":{"type":"string","description":"The label key that the selector applies to.","description_kind":"plain","optional":true},"operator":{"type":"string","description":"A key's relationship to a set of values. Valid operators ard `In`, `NotIn`, `Exists` and `DoesNotExist`.","description_kind":"plain","optional":true},"values":{"type":["set","string"],"description":"An array of string values. If the operator is `In` or `NotIn`, the values array must be non-empty. If the operator is `Exists` or `DoesNotExist`, the values array must be empty. This array is replaced during a strategic merge patch.","description_kind":"plain","optional":true}},"description":"A list of label selector requirements. The requirements are ANDed.","description_kind":"plain"}}},"description":"A label query over a set of resources, in this case pods.","description_kind":"plain"}}},"description":"If the affinity requirements specified by this field are not met at scheduling time, the pod will not be scheduled onto the node. If the affinity requirements specified by this field cease to be met at some point during pod execution (e.g. due to a pod label update), the system may or may not try to eventually evict the pod from its node. When there are multiple elements, the lists of nodes corresponding to each PodAffinityTerm are intersected, i.e. all terms must be satisfied.","description_kind":"plain"}}},"description":"Inter-pod topological affinity. rules that specify that certain pods should be placed in the same topological domain (e.g. same node, same rack, same zone, same power domain, etc.)","description_kind":"plain"},"max_items":1}},"description":"Optional pod scheduling constraints.","description_kind":"plain"},"max_items":1},"container":{"nesting_mode":"list","block":{"attributes":{"args":{"type":["list","string"],"description":"Arguments to the entrypoint. The docker image's CMD is used if this is not provided. Variable references $(VAR_NAME) are expanded using the container's environment. If a variable cannot be resolved, the reference in the input string will be unchanged. The $(VAR_NAME) syntax can be escaped with a double $$, ie: $$(VAR_NAME). Escaped references will never be expanded, regardless of whether the variable exists or not. Cannot be updated. More info: http://kubernetes.io/docs/user-guide/containers#containers-and-commands","description_kind":"plain","optional":true},"command":{"type":["list","string"],"description":"Entrypoint array. Not executed within a shell. The docker image's ENTRYPOINT is used if this is not provided. Variable references $(VAR_NAME) are expanded using the container's environment. If a variable cannot be resolved, the reference in the input string will be unchanged. The $(VAR_NAME) syntax can be escaped with a double $$, ie: $$(VAR_NAME). Escaped references will never be expanded, regardless of whether the variable exists or not. Cannot be updated. More info: http://kubernetes.io/docs/user-guide/containers#containers-and-commands","description_kind":"plain","optional":true},"image":{"type":"string","description":"Docker image name. More info: http://kubernetes.io/docs/user-guide/images","description_kind":"plain","optional":true},"image_pull_policy":{"type":"string","description":"Image pull policy. One of Always, Never, IfNotPresent. Defaults to Always if :latest tag is specified, or IfNotPresent otherwise. Cannot be updated. More info: http://kubernetes.io/docs/user-guide/images#updating-images","description_kind":"plain","optional":true,"computed":true},"name":{"type":"string","description":"Name of the container specified as a DNS_LABEL. Each container in a pod must have a unique name (DNS_LABEL). Cannot be updated.","description_kind":"plain","required":true},"stdin":{"type":"bool","description":"Whether this container should allocate a buffer for stdin in the container runtime. If this is not set, reads from stdin in the container will always result in EOF. ","description_kind":"plain","optional":true},"stdin_once":{"type":"bool","description":"Whether the container runtime should close the stdin channel after it has been opened by a single attach. When stdin is true the stdin stream will remain open across multiple attach sessions. If stdinOnce is set to true, stdin is opened on container start, is empty until the first client attaches to stdin, and then remains open and accepts data until the client disconnects, at which time stdin is closed and remains closed until the container is restarted. If this flag is false, a container processes that reads from stdin will never receive an EOF.","description_kind":"plain","optional":true},"termination_message_path":{"type":"string","description":"Optional: Path at which the file to which the container's termination message will be written is mounted into the container's filesystem. Message written is intended to be brief final status, such as an assertion failure message. Defaults to /dev/termination-log. Cannot be updated.","description_kind":"plain","optional":true},"tty":{"type":"bool","description":"Whether this container should allocate a TTY for itself","description_kind":"plain","optional":true},"working_dir":{"type":"string","description":"Container's working directory. If not specified, the container runtime's default will be used, which might be configured in the container image. Cannot be updated.","description_kind":"plain","optional":true}},"block_types":{"env":{"nesting_mode":"list","block":{"attributes":{"name":{"type":"string","description":"Name of the environment variable. Must be a C_IDENTIFIER","description_kind":"plain","required":true},"value":{"type":"string","description":"Variable references $(VAR_NAME) are expanded using the previous defined environment variables in the container and any service environment variables. If a variable cannot be resolved, the reference in the input string will be unchanged. The $(VAR_NAME) syntax can be escaped with a double $$, ie: $$(VAR_NAME). Escaped references will never be expanded, regardless of whether the variable exists or not. Defaults to \"\".","description_kind":"plain","optional":true}},"block_types":{"value_from":{"nesting_mode":"list","block":{"block_types":{"config_map_key_ref":{"nesting_mode":"list","block":{"attributes":{"key":{"type":"string","description":"The key to select.","description_kind":"plain","optional":true},"name":{"type":"string","description":"Name of the referent. More info: http://kubernetes.io/docs/user-guide/identifiers#names","description_kind":"plain","optional":true}},"description":"Selects a key of a ConfigMap.","description_kind":"plain"},"max_items":1},"field_ref":{"nesting_mode":"list","block":{"attributes":{"api_version":{"type":"string","description":"Version of the schema the FieldPath is written in terms of, defaults to \"v1\".","description_kind":"plain","optional":true},"field_path":{"type":"string","description":"Path of the field to select in the specified API version","description_kind":"plain","optional":true}},"description":"Selects a field of the pod: supports metadata.name, metadata.namespace, metadata.labels, metadata.annotations, spec.nodeName, spec.serviceAccountName, status.podIP..","description_kind":"plain"},"max_items":1},"resource_field_ref":{"nesting_mode":"list","block":{"attributes":{"container_name":{"type":"string","description_kind":"plain","optional":true},"resource":{"type":"string","description":"Resource to select","description_kind":"plain","required":true}},"description":"Selects a field of the pod: supports metadata.name, metadata.namespace, metadata.labels, metadata.annotations, spec.nodeName, spec.serviceAccountName, status.podIP..","description_kind":"plain"},"max_items":1},"secret_key_ref":{"nesting_mode":"list","block":{"attributes":{"key":{"type":"string","description":"The key of the secret to select from. Must be a valid secret key.","description_kind":"plain","optional":true},"name":{"type":"string","description":"Name of the referent. More info: http://kubernetes.io/docs/user-guide/identifiers#names","description_kind":"plain","optional":true}},"description":"Selects a field of the pod: supports metadata.name, metadata.namespace, metadata.labels, metadata.annotations, spec.nodeName, spec.serviceAccountName, status.podIP..","description_kind":"plain"},"max_items":1}},"description":"Source for the environment variable's value","description_kind":"plain"},"max_items":1}},"description":"List of environment variables to set in the container. Cannot be updated.","description_kind":"plain"}},"env_from":{"nesting_mode":"list","block":{"attributes":{"prefix":{"type":"string","description":"An optional identifier to prepend to each key in the ConfigMap. Must be a C_IDENTIFIER.","description_kind":"plain","optional":true}},"block_types":{"config_map_ref":{"nesting_mode":"list","block":{"attributes":{"name":{"type":"string","description":"Name of the referent. More info: http://kubernetes.io/docs/user-guide/identifiers#names","description_kind":"plain","required":true},"optional":{"type":"bool","description":"Specify whether the ConfigMap must be defined","description_kind":"plain","optional":true}},"description":"The ConfigMap to select from","description_kind":"plain"},"max_items":1},"secret_ref":{"nesting_mode":"list","block":{"attributes":{"name":{"type":"string","description":"Name of the referent. More info: https://kubernetes.io/docs/concepts/overview/working-with-objects/names/#names","description_kind":"plain","required":true},"optional":{"type":"bool","description":"Specify whether the Secret must be defined","description_kind":"plain","optional":true}},"description":"The Secret to select from","description_kind":"plain"},"max_items":1}},"description":"List of sources to populate environment variables in the container. The keys defined within a source must be a C_IDENTIFIER. All invalid keys will be reported as an event when the container is starting. When a key exists in multiple sources, the value associated with the last source will take precedence. Values defined by an Env with a duplicate key will take precedence. Cannot be updated.","description_kind":"plain"}},"lifecycle":{"nesting_mode":"list","block":{"block_types":{"post_start":{"nesting_mode":"list","block":{"block_types":{"exec":{"nesting_mode":"list","block":{"attributes":{"command":{"type":["list","string"],"description":"Command is the command line to execute inside the container, the working directory for the command is root ('/') in the container's filesystem. The command is simply exec'd, it is not run inside a shell, so traditional shell instructions. To use a shell, you need to explicitly call out to that shell. Exit status of 0 is treated as live/healthy and non-zero is unhealthy.","description_kind":"plain","optional":true}},"description":"exec specifies the action to take.","description_kind":"plain"},"max_items":1},"http_get":{"nesting_mode":"list","block":{"attributes":{"host":{"type":"string","description":"Host name to connect to, defaults to the pod IP. You probably want to set \"Host\" in httpHeaders instead.","description_kind":"plain","optional":true},"path":{"type":"string","description":"Path to access on the HTTP server.","description_kind":"plain","optional":true},"port":{"type":"string","description":"Name or number of the port to access on the container. Number must be in the range 1 to 65535. Name must be an IANA_SVC_NAME.","description_kind":"plain","optional":true},"scheme":{"type":"string","description":"Scheme to use for connecting to the host.","description_kind":"plain","optional":true}},"block_types":{"http_header":{"nesting_mode":"list","block":{"attributes":{"name":{"type":"string","description":"The header field name","description_kind":"plain","optional":true},"value":{"type":"string","description":"The header field value","description_kind":"plain","optional":true}},"description":"Scheme to use for connecting to the host.","description_kind":"plain"}}},"description":"Specifies the http request to perform.","description_kind":"plain"},"max_items":1},"tcp_socket":{"nesting_mode":"list","block":{"attributes":{"port":{"type":"string","description":"Number or name of the port to access on the container. Number must be in the range 1 to 65535. Name must be an IANA_SVC_NAME.","description_kind":"plain","required":true}},"description":"TCPSocket specifies an action involving a TCP port. TCP hooks not yet supported","description_kind":"plain"}}},"description":"post_start is called immediately after a container is created. If the handler fails, the container is terminated and restarted according to its restart policy. Other management of the container blocks until the hook completes. More info: http://kubernetes.io/docs/user-guide/container-environment#hook-details","description_kind":"plain"}},"pre_stop":{"nesting_mode":"list","block":{"block_types":{"exec":{"nesting_mode":"list","block":{"attributes":{"command":{"type":["list","string"],"description":"Command is the command line to execute inside the container, the working directory for the command is root ('/') in the container's filesystem. The command is simply exec'd, it is not run inside a shell, so traditional shell instructions. To use a shell, you need to explicitly call out to that shell. Exit status of 0 is treated as live/healthy and non-zero is unhealthy.","description_kind":"plain","optional":true}},"description":"exec specifies the action to take.","description_kind":"plain"},"max_items":1},"http_get":{"nesting_mode":"list","block":{"attributes":{"host":{"type":"string","description":"Host name to connect to, defaults to the pod IP. You probably want to set \"Host\" in httpHeaders instead.","description_kind":"plain","optional":true},"path":{"type":"string","description":"Path to access on the HTTP server.","description_kind":"plain","optional":true},"port":{"type":"string","description":"Name or number of the port to access on the container. Number must be in the range 1 to 65535. Name must be an IANA_SVC_NAME.","description_kind":"plain","optional":true},"scheme":{"type":"string","description":"Scheme to use for connecting to the host.","description_kind":"plain","optional":true}},"block_types":{"http_header":{"nesting_mode":"list","block":{"attributes":{"name":{"type":"string","description":"The header field name","description_kind":"plain","optional":true},"value":{"type":"string","description":"The header field value","description_kind":"plain","optional":true}},"description":"Scheme to use for connecting to the host.","description_kind":"plain"}}},"description":"Specifies the http request to perform.","description_kind":"plain"},"max_items":1},"tcp_socket":{"nesting_mode":"list","block":{"attributes":{"port":{"type":"string","description":"Number or name of the port to access on the container. Number must be in the range 1 to 65535. Name must be an IANA_SVC_NAME.","description_kind":"plain","required":true}},"description":"TCPSocket specifies an action involving a TCP port. TCP hooks not yet supported","description_kind":"plain"}}},"description":"pre_stop is called immediately before a container is terminated. The container is terminated after the handler completes. The reason for termination is passed to the handler. Regardless of the outcome of the handler, the container is eventually terminated. Other management of the container blocks until the hook completes. More info: http://kubernetes.io/docs/user-guide/container-environment#hook-details","description_kind":"plain"}}},"description":"Actions that the management system should take in response to container lifecycle events","description_kind":"plain"},"max_items":1},"liveness_probe":{"nesting_mode":"list","block":{"attributes":{"failure_threshold":{"type":"number","description":"Minimum consecutive failures for the probe to be considered failed after having succeeded.","description_kind":"plain","optional":true},"initial_delay_seconds":{"type":"number","description":"Number of seconds after the container has started before liveness probes are initiated. More info: http://kubernetes.io/docs/user-guide/pod-states#container-probes","description_kind":"plain","optional":true},"period_seconds":{"type":"number","description":"How often (in seconds) to perform the probe","description_kind":"plain","optional":true},"success_threshold":{"type":"number","description":"Minimum consecutive successes for the probe to be considered successful after having failed.","description_kind":"plain","optional":true},"timeout_seconds":{"type":"number","description":"Number of seconds after which the probe times out. More info: http://kubernetes.io/docs/user-guide/pod-states#container-probes","description_kind":"plain","optional":true}},"block_types":{"exec":{"nesting_mode":"list","block":{"attributes":{"command":{"type":["list","string"],"description":"Command is the command line to execute inside the container, the working directory for the command is root ('/') in the container's filesystem. The command is simply exec'd, it is not run inside a shell, so traditional shell instructions. To use a shell, you need to explicitly call out to that shell. Exit status of 0 is treated as live/healthy and non-zero is unhealthy.","description_kind":"plain","optional":true}},"description":"exec specifies the action to take.","description_kind":"plain"},"max_items":1},"http_get":{"nesting_mode":"list","block":{"attributes":{"host":{"type":"string","description":"Host name to connect to, defaults to the pod IP. You probably want to set \"Host\" in httpHeaders instead.","description_kind":"plain","optional":true},"path":{"type":"string","description":"Path to access on the HTTP server.","description_kind":"plain","optional":true},"port":{"type":"string","description":"Name or number of the port to access on the container. Number must be in the range 1 to 65535. Name must be an IANA_SVC_NAME.","description_kind":"plain","optional":true},"scheme":{"type":"string","description":"Scheme to use for connecting to the host.","description_kind":"plain","optional":true}},"block_types":{"http_header":{"nesting_mode":"list","block":{"attributes":{"name":{"type":"string","description":"The header field name","description_kind":"plain","optional":true},"value":{"type":"string","description":"The header field value","description_kind":"plain","optional":true}},"description":"Scheme to use for connecting to the host.","description_kind":"plain"}}},"description":"Specifies the http request to perform.","description_kind":"plain"},"max_items":1},"tcp_socket":{"nesting_mode":"list","block":{"attributes":{"port":{"type":"string","description":"Number or name of the port to access on the container. Number must be in the range 1 to 65535. Name must be an IANA_SVC_NAME.","description_kind":"plain","required":true}},"description":"TCPSocket specifies an action involving a TCP port. TCP hooks not yet supported","description_kind":"plain"}}},"description":"Periodic probe of container liveness. Container will be restarted if the probe fails. Cannot be updated. More info: http://kubernetes.io/docs/user-guide/pod-states#container-probes","description_kind":"plain"},"max_items":1},"port":{"nesting_mode":"list","block":{"attributes":{"container_port":{"type":"number","description":"Number of port to expose on the pod's IP address. This must be a valid port number, 0 \u003c x \u003c 65536.","description_kind":"plain","required":true},"host_ip":{"type":"string","description":"What host IP to bind the external port to.","description_kind":"plain","optional":true},"host_port":{"type":"number","description":"Number of port to expose on the host. If specified, this must be a valid port number, 0 \u003c x \u003c 65536. If HostNetwork is specified, this must match ContainerPort. Most containers do not need this.","description_kind":"plain","optional":true},"name":{"type":"string","description":"If specified, this must be an IANA_SVC_NAME and unique within the pod. Each named port in a pod must have a unique name. Name for the port that can be referred to by services","description_kind":"plain","optional":true},"protocol":{"type":"string","description":"Protocol for port. Must be UDP or TCP. Defaults to \"TCP\".","description_kind":"plain","optional":true}},"description":"List of ports to expose from the container. Exposing a port here gives the system additional information about the network connections a container uses, but is primarily informational. Not specifying a port here DOES NOT prevent that port from being exposed. Any port which is listening on the default \"0.0.0.0\" address inside a container will be accessible from the network. Cannot be updated.","description_kind":"plain"}},"readiness_probe":{"nesting_mode":"list","block":{"attributes":{"failure_threshold":{"type":"number","description":"Minimum consecutive failures for the probe to be considered failed after having succeeded.","description_kind":"plain","optional":true},"initial_delay_seconds":{"type":"number","description":"Number of seconds after the container has started before liveness probes are initiated. More info: http://kubernetes.io/docs/user-guide/pod-states#container-probes","description_kind":"plain","optional":true},"period_seconds":{"type":"number","description":"How often (in seconds) to perform the probe","description_kind":"plain","optional":true},"success_threshold":{"type":"number","description":"Minimum consecutive successes for the probe to be considered successful after having failed.","description_kind":"plain","optional":true},"timeout_seconds":{"type":"number","description":"Number of seconds after which the probe times out. More info: http://kubernetes.io/docs/user-guide/pod-states#container-probes","description_kind":"plain","optional":true}},"block_types":{"exec":{"nesting_mode":"list","block":{"attributes":{"command":{"type":["list","string"],"description":"Command is the command line to execute inside the container, the working directory for the command is root ('/') in the container's filesystem. The command is simply exec'd, it is not run inside a shell, so traditional shell instructions. To use a shell, you need to explicitly call out to that shell. Exit status of 0 is treated as live/healthy and non-zero is unhealthy.","description_kind":"plain","optional":true}},"description":"exec specifies the action to take.","description_kind":"plain"},"max_items":1},"http_get":{"nesting_mode":"list","block":{"attributes":{"host":{"type":"string","description":"Host name to connect to, defaults to the pod IP. You probably want to set \"Host\" in httpHeaders instead.","description_kind":"plain","optional":true},"path":{"type":"string","description":"Path to access on the HTTP server.","description_kind":"plain","optional":true},"port":{"type":"string","description":"Name or number of the port to access on the container. Number must be in the range 1 to 65535. Name must be an IANA_SVC_NAME.","description_kind":"plain","optional":true},"scheme":{"type":"string","description":"Scheme to use for connecting to the host.","description_kind":"plain","optional":true}},"block_types":{"http_header":{"nesting_mode":"list","block":{"attributes":{"name":{"type":"string","description":"The header field name","description_kind":"plain","optional":true},"value":{"type":"string","description":"The header field value","description_kind":"plain","optional":true}},"description":"Scheme to use for connecting to the host.","description_kind":"plain"}}},"description":"Specifies the http request to perform.","description_kind":"plain"},"max_items":1},"tcp_socket":{"nesting_mode":"list","block":{"attributes":{"port":{"type":"string","description":"Number or name of the port to access on the container. Number must be in the range 1 to 65535. Name must be an IANA_SVC_NAME.","description_kind":"plain","required":true}},"description":"TCPSocket specifies an action involving a TCP port. TCP hooks not yet supported","description_kind":"plain"}}},"description":"Periodic probe of container service readiness. Container will be removed from service endpoints if the probe fails. Cannot be updated. More info: http://kubernetes.io/docs/user-guide/pod-states#container-probes","description_kind":"plain"},"max_items":1},"resources":{"nesting_mode":"list","block":{"block_types":{"limits":{"nesting_mode":"list","block":{"attributes":{"cpu":{"type":"string","description_kind":"plain","optional":true,"computed":true},"memory":{"type":"string","description_kind":"plain","optional":true,"computed":true}},"description":"Describes the maximum amount of compute resources allowed. More info: http://kubernetes.io/docs/user-guide/compute-resources/","description_kind":"plain"},"max_items":1},"requests":{"nesting_mode":"list","block":{"attributes":{"cpu":{"type":"string","description_kind":"plain","optional":true,"computed":true},"memory":{"type":"string","description_kind":"plain","optional":true,"computed":true}},"description_kind":"plain"},"max_items":1}},"description":"Compute Resources required by this container. Cannot be updated. More info: http://kubernetes.io/docs/user-guide/persistent-volumes#resources","description_kind":"plain"},"max_items":1},"security_context":{"nesting_mode":"list","block":{"attributes":{"allow_privilege_escalation":{"type":"bool","description":"AllowPrivilegeEscalation controls whether a process can gain more privileges than its parent process. This bool directly controls if the no_new_privs flag will be set on the container process. AllowPrivilegeEscalation is true always when the container is: 1) run as Privileged 2) has CAP_SYS_ADMIN","description_kind":"plain","optional":true},"privileged":{"type":"bool","description":"Run container in privileged mode. Processes in privileged containers are essentially equivalent to root on the host. Defaults to false.","description_kind":"plain","optional":true},"read_only_root_filesystem":{"type":"bool","description":"Whether this container has a read-only root filesystem. Default is false.","description_kind":"plain","optional":true},"run_as_group":{"type":"number","description":"The GID to run the entrypoint of the container process. Uses runtime default if unset. May also be set in PodSecurityContext. If set in both SecurityContext and PodSecurityContext, the value specified in SecurityContext takes precedence.","description_kind":"plain","optional":true},"run_as_non_root":{"type":"bool","description":"Indicates that the container must run as a non-root user. If true, the Kubelet will validate the image at runtime to ensure that it does not run as UID 0 (root) and fail to start the container if it does. If unset or false, no such validation will be performed. May also be set in PodSecurityContext. If set in both SecurityContext and PodSecurityContext, the value specified in SecurityContext takes precedence.","description_kind":"plain","optional":true},"run_as_user":{"type":"number","description":"The UID to run the entrypoint of the container process. Defaults to user specified in image metadata if unspecified. May also be set in PodSecurityContext. If set in both SecurityContext and PodSecurityContext, the value specified in SecurityContext takes precedence.","description_kind":"plain","optional":true}},"block_types":{"capabilities":{"nesting_mode":"list","block":{"attributes":{"add":{"type":["list","string"],"description":"Added capabilities","description_kind":"plain","optional":true},"drop":{"type":["list","string"],"description":"Removed capabilities","description_kind":"plain","optional":true}},"description":"The capabilities to add/drop when running containers. Defaults to the default set of capabilities granted by the container runtime.","description_kind":"plain"},"max_items":1},"se_linux_options":{"nesting_mode":"list","block":{"attributes":{"level":{"type":"string","description":"Level is SELinux level label that applies to the container.","description_kind":"plain","optional":true},"role":{"type":"string","description":"Role is a SELinux role label that applies to the container.","description_kind":"plain","optional":true},"type":{"type":"string","description":"Type is a SELinux type label that applies to the container.","description_kind":"plain","optional":true},"user":{"type":"string","description":"User is a SELinux user label that applies to the container.","description_kind":"plain","optional":true}},"description":"The SELinux context to be applied to the container. If unspecified, the container runtime will allocate a random SELinux context for each container. May also be set in PodSecurityContext. If set in both SecurityContext and PodSecurityContext, the value specified in SecurityContext takes precedence.","description_kind":"plain"},"max_items":1}},"description":"Security options the pod should run with. More info: http://releases.k8s.io/HEAD/docs/design/security_context.md","description_kind":"plain"},"max_items":1},"volume_mount":{"nesting_mode":"list","block":{"attributes":{"mount_path":{"type":"string","description":"Path within the container at which the volume should be mounted. Must not contain ':'.","description_kind":"plain","required":true},"name":{"type":"string","description":"This must match the Name of a Volume.","description_kind":"plain","required":true},"read_only":{"type":"bool","description":"Mounted read-only if true, read-write otherwise (false or unspecified). Defaults to false.","description_kind":"plain","optional":true},"sub_path":{"type":"string","description":"Path within the volume from which the container's volume should be mounted. Defaults to \"\" (volume's root).","description_kind":"plain","optional":true}},"description":"Pod volumes to mount into the container's filesystem. Cannot be updated.","description_kind":"plain"}}},"description":"List of containers belonging to the pod. Containers cannot currently be added or removed. There must be at least one container in a Pod. Cannot be updated. More info: http://kubernetes.io/docs/user-guide/containers","description_kind":"plain"}},"dns_config":{"nesting_mode":"list","block":{"attributes":{"nameservers":{"type":["list","string"],"description":"A list of DNS name server IP addresses. This will be appended to the base nameservers generated from DNSPolicy. Duplicated nameservers will be removed.","description_kind":"plain","optional":true},"searches":{"type":["list","string"],"description":"A list of DNS search domains for host-name lookup. This will be appended to the base search paths generated from DNSPolicy. Duplicated search paths will be removed.","description_kind":"plain","optional":true}},"block_types":{"option":{"nesting_mode":"list","block":{"attributes":{"name":{"type":"string","description":"Name of the option.","description_kind":"plain","required":true},"value":{"type":"string","description":"Value of the option. Optional: Defaults to empty.","description_kind":"plain","optional":true}},"description":"A list of DNS resolver options. This will be merged with the base options generated from DNSPolicy. Duplicated entries will be removed. Resolution options given in Options will override those that appear in the base DNSPolicy.","description_kind":"plain"}}},"description":"Specifies the DNS parameters of a pod. Parameters specified here will be merged to the generated DNS configuration based on DNSPolicy. Optional: Defaults to empty","description_kind":"plain"},"max_items":1},"host_aliases":{"nesting_mode":"list","block":{"attributes":{"hostnames":{"type":["list","string"],"description":"Hostnames for the IP address.","description_kind":"plain","required":true},"ip":{"type":"string","description":"IP address of the host file entry.","description_kind":"plain","required":true}},"description":"List of hosts and IPs that will be injected into the pod's hosts file if specified. Optional: Defaults to empty.","description_kind":"plain"}},"image_pull_secrets":{"nesting_mode":"list","block":{"attributes":{"name":{"type":"string","description":"Name of the referent. More info: http://kubernetes.io/docs/user-guide/identifiers#names","description_kind":"plain","required":true}},"description":"ImagePullSecrets is an optional list of references to secrets in the same namespace to use for pulling any of the images used by this PodSpec. If specified, these secrets will be passed to individual puller implementations for them to use. For example, in the case of docker, only DockerConfig type secrets are honored. More info: http://kubernetes.io/docs/user-guide/images#specifying-imagepullsecrets-on-a-pod","description_kind":"plain"}},"init_container":{"nesting_mode":"list","block":{"attributes":{"args":{"type":["list","string"],"description":"Arguments to the entrypoint. The docker image's CMD is used if this is not provided. Variable references $(VAR_NAME) are expanded using the container's environment. If a variable cannot be resolved, the reference in the input string will be unchanged. The $(VAR_NAME) syntax can be escaped with a double $$, ie: $$(VAR_NAME). Escaped references will never be expanded, regardless of whether the variable exists or not. Cannot be updated. More info: http://kubernetes.io/docs/user-guide/containers#containers-and-commands","description_kind":"plain","optional":true},"command":{"type":["list","string"],"description":"Entrypoint array. Not executed within a shell. The docker image's ENTRYPOINT is used if this is not provided. Variable references $(VAR_NAME) are expanded using the container's environment. If a variable cannot be resolved, the reference in the input string will be unchanged. The $(VAR_NAME) syntax can be escaped with a double $$, ie: $$(VAR_NAME). Escaped references will never be expanded, regardless of whether the variable exists or not. Cannot be updated. More info: http://kubernetes.io/docs/user-guide/containers#containers-and-commands","description_kind":"plain","optional":true},"image":{"type":"string","description":"Docker image name. More info: http://kubernetes.io/docs/user-guide/images","description_kind":"plain","optional":true},"image_pull_policy":{"type":"string","description":"Image pull policy. One of Always, Never, IfNotPresent. Defaults to Always if :latest tag is specified, or IfNotPresent otherwise. Cannot be updated. More info: http://kubernetes.io/docs/user-guide/images#updating-images","description_kind":"plain","optional":true,"computed":true},"name":{"type":"string","description":"Name of the container specified as a DNS_LABEL. Each container in a pod must have a unique name (DNS_LABEL). Cannot be updated.","description_kind":"plain","required":true},"stdin":{"type":"bool","description":"Whether this container should allocate a buffer for stdin in the container runtime. If this is not set, reads from stdin in the container will always result in EOF. ","description_kind":"plain","optional":true},"stdin_once":{"type":"bool","description":"Whether the container runtime should close the stdin channel after it has been opened by a single attach. When stdin is true the stdin stream will remain open across multiple attach sessions. If stdinOnce is set to true, stdin is opened on container start, is empty until the first client attaches to stdin, and then remains open and accepts data until the client disconnects, at which time stdin is closed and remains closed until the container is restarted. If this flag is false, a container processes that reads from stdin will never receive an EOF.","description_kind":"plain","optional":true},"termination_message_path":{"type":"string","description":"Optional: Path at which the file to which the container's termination message will be written is mounted into the container's filesystem. Message written is intended to be brief final status, such as an assertion failure message. Defaults to /dev/termination-log. Cannot be updated.","description_kind":"plain","optional":true},"tty":{"type":"bool","description":"Whether this container should allocate a TTY for itself","description_kind":"plain","optional":true},"working_dir":{"type":"string","description":"Container's working directory. If not specified, the container runtime's default will be used, which might be configured in the container image. Cannot be updated.","description_kind":"plain","optional":true}},"block_types":{"env":{"nesting_mode":"list","block":{"attributes":{"name":{"type":"string","description":"Name of the environment variable. Must be a C_IDENTIFIER","description_kind":"plain","required":true},"value":{"type":"string","description":"Variable references $(VAR_NAME) are expanded using the previous defined environment variables in the container and any service environment variables. If a variable cannot be resolved, the reference in the input string will be unchanged. The $(VAR_NAME) syntax can be escaped with a double $$, ie: $$(VAR_NAME). Escaped references will never be expanded, regardless of whether the variable exists or not. Defaults to \"\".","description_kind":"plain","optional":true}},"block_types":{"value_from":{"nesting_mode":"list","block":{"block_types":{"config_map_key_ref":{"nesting_mode":"list","block":{"attributes":{"key":{"type":"string","description":"The key to select.","description_kind":"plain","optional":true},"name":{"type":"string","description":"Name of the referent. More info: http://kubernetes.io/docs/user-guide/identifiers#names","description_kind":"plain","optional":true}},"description":"Selects a key of a ConfigMap.","description_kind":"plain"},"max_items":1},"field_ref":{"nesting_mode":"list","block":{"attributes":{"api_version":{"type":"string","description":"Version of the schema the FieldPath is written in terms of, defaults to \"v1\".","description_kind":"plain","optional":true},"field_path":{"type":"string","description":"Path of the field to select in the specified API version","description_kind":"plain","optional":true}},"description":"Selects a field of the pod: supports metadata.name, metadata.namespace, metadata.labels, metadata.annotations, spec.nodeName, spec.serviceAccountName, status.podIP..","description_kind":"plain"},"max_items":1},"resource_field_ref":{"nesting_mode":"list","block":{"attributes":{"container_name":{"type":"string","description_kind":"plain","optional":true},"resource":{"type":"string","description":"Resource to select","description_kind":"plain","required":true}},"description":"Selects a field of the pod: supports metadata.name, metadata.namespace, metadata.labels, metadata.annotations, spec.nodeName, spec.serviceAccountName, status.podIP..","description_kind":"plain"},"max_items":1},"secret_key_ref":{"nesting_mode":"list","block":{"attributes":{"key":{"type":"string","description":"The key of the secret to select from. Must be a valid secret key.","description_kind":"plain","optional":true},"name":{"type":"string","description":"Name of the referent. More info: http://kubernetes.io/docs/user-guide/identifiers#names","description_kind":"plain","optional":true}},"description":"Selects a field of the pod: supports metadata.name, metadata.namespace, metadata.labels, metadata.annotations, spec.nodeName, spec.serviceAccountName, status.podIP..","description_kind":"plain"},"max_items":1}},"description":"Source for the environment variable's value","description_kind":"plain"},"max_items":1}},"description":"List of environment variables to set in the container. Cannot be updated.","description_kind":"plain"}},"env_from":{"nesting_mode":"list","block":{"attributes":{"prefix":{"type":"string","description":"An optional identifier to prepend to each key in the ConfigMap. Must be a C_IDENTIFIER.","description_kind":"plain","optional":true}},"block_types":{"config_map_ref":{"nesting_mode":"list","block":{"attributes":{"name":{"type":"string","description":"Name of the referent. More info: http://kubernetes.io/docs/user-guide/identifiers#names","description_kind":"plain","required":true},"optional":{"type":"bool","description":"Specify whether the ConfigMap must be defined","description_kind":"plain","optional":true}},"description":"The ConfigMap to select from","description_kind":"plain"},"max_items":1},"secret_ref":{"nesting_mode":"list","block":{"attributes":{"name":{"type":"string","description":"Name of the referent. More info: https://kubernetes.io/docs/concepts/overview/working-with-objects/names/#names","description_kind":"plain","required":true},"optional":{"type":"bool","description":"Specify whether the Secret must be defined","description_kind":"plain","optional":true}},"description":"The Secret to select from","description_kind":"plain"},"max_items":1}},"description":"List of sources to populate environment variables in the container. The keys defined within a source must be a C_IDENTIFIER. All invalid keys will be reported as an event when the container is starting. When a key exists in multiple sources, the value associated with the last source will take precedence. Values defined by an Env with a duplicate key will take precedence. Cannot be updated.","description_kind":"plain"}},"lifecycle":{"nesting_mode":"list","block":{"block_types":{"post_start":{"nesting_mode":"list","block":{"block_types":{"exec":{"nesting_mode":"list","block":{"attributes":{"command":{"type":["list","string"],"description":"Command is the command line to execute inside the container, the working directory for the command is root ('/') in the container's filesystem. The command is simply exec'd, it is not run inside a shell, so traditional shell instructions. To use a shell, you need to explicitly call out to that shell. Exit status of 0 is treated as live/healthy and non-zero is unhealthy.","description_kind":"plain","optional":true}},"description":"exec specifies the action to take.","description_kind":"plain"},"max_items":1},"http_get":{"nesting_mode":"list","block":{"attributes":{"host":{"type":"string","description":"Host name to connect to, defaults to the pod IP. You probably want to set \"Host\" in httpHeaders instead.","description_kind":"plain","optional":true},"path":{"type":"string","description":"Path to access on the HTTP server.","description_kind":"plain","optional":true},"port":{"type":"string","description":"Name or number of the port to access on the container. Number must be in the range 1 to 65535. Name must be an IANA_SVC_NAME.","description_kind":"plain","optional":true},"scheme":{"type":"string","description":"Scheme to use for connecting to the host.","description_kind":"plain","optional":true}},"block_types":{"http_header":{"nesting_mode":"list","block":{"attributes":{"name":{"type":"string","description":"The header field name","description_kind":"plain","optional":true},"value":{"type":"string","description":"The header field value","description_kind":"plain","optional":true}},"description":"Scheme to use for connecting to the host.","description_kind":"plain"}}},"description":"Specifies the http request to perform.","description_kind":"plain"},"max_items":1},"tcp_socket":{"nesting_mode":"list","block":{"attributes":{"port":{"type":"string","description":"Number or name of the port to access on the container. Number must be in the range 1 to 65535. Name must be an IANA_SVC_NAME.","description_kind":"plain","required":true}},"description":"TCPSocket specifies an action involving a TCP port. TCP hooks not yet supported","description_kind":"plain"}}},"description":"post_start is called immediately after a container is created. If the handler fails, the container is terminated and restarted according to its restart policy. Other management of the container blocks until the hook completes. More info: http://kubernetes.io/docs/user-guide/container-environment#hook-details","description_kind":"plain"}},"pre_stop":{"nesting_mode":"list","block":{"block_types":{"exec":{"nesting_mode":"list","block":{"attributes":{"command":{"type":["list","string"],"description":"Command is the command line to execute inside the container, the working directory for the command is root ('/') in the container's filesystem. The command is simply exec'd, it is not run inside a shell, so traditional shell instructions. To use a shell, you need to explicitly call out to that shell. Exit status of 0 is treated as live/healthy and non-zero is unhealthy.","description_kind":"plain","optional":true}},"description":"exec specifies the action to take.","description_kind":"plain"},"max_items":1},"http_get":{"nesting_mode":"list","block":{"attributes":{"host":{"type":"string","description":"Host name to connect to, defaults to the pod IP. You probably want to set \"Host\" in httpHeaders instead.","description_kind":"plain","optional":true},"path":{"type":"string","description":"Path to access on the HTTP server.","description_kind":"plain","optional":true},"port":{"type":"string","description":"Name or number of the port to access on the container. Number must be in the range 1 to 65535. Name must be an IANA_SVC_NAME.","description_kind":"plain","optional":true},"scheme":{"type":"string","description":"Scheme to use for connecting to the host.","description_kind":"plain","optional":true}},"block_types":{"http_header":{"nesting_mode":"list","block":{"attributes":{"name":{"type":"string","description":"The header field name","description_kind":"plain","optional":true},"value":{"type":"string","description":"The header field value","description_kind":"plain","optional":true}},"description":"Scheme to use for connecting to the host.","description_kind":"plain"}}},"description":"Specifies the http request to perform.","description_kind":"plain"},"max_items":1},"tcp_socket":{"nesting_mode":"list","block":{"attributes":{"port":{"type":"string","description":"Number or name of the port to access on the container. Number must be in the range 1 to 65535. Name must be an IANA_SVC_NAME.","description_kind":"plain","required":true}},"description":"TCPSocket specifies an action involving a TCP port. TCP hooks not yet supported","description_kind":"plain"}}},"description":"pre_stop is called immediately before a container is terminated. The container is terminated after the handler completes. The reason for termination is passed to the handler. Regardless of the outcome of the handler, the container is eventually terminated. Other management of the container blocks until the hook completes. More info: http://kubernetes.io/docs/user-guide/container-environment#hook-details","description_kind":"plain"}}},"description":"Actions that the management system should take in response to container lifecycle events","description_kind":"plain"},"max_items":1},"liveness_probe":{"nesting_mode":"list","block":{"attributes":{"failure_threshold":{"type":"number","description":"Minimum consecutive failures for the probe to be considered failed after having succeeded.","description_kind":"plain","optional":true},"initial_delay_seconds":{"type":"number","description":"Number of seconds after the container has started before liveness probes are initiated. More info: http://kubernetes.io/docs/user-guide/pod-states#container-probes","description_kind":"plain","optional":true},"period_seconds":{"type":"number","description":"How often (in seconds) to perform the probe","description_kind":"plain","optional":true},"success_threshold":{"type":"number","description":"Minimum consecutive successes for the probe to be considered successful after having failed.","description_kind":"plain","optional":true},"timeout_seconds":{"type":"number","description":"Number of seconds after which the probe times out. More info: http://kubernetes.io/docs/user-guide/pod-states#container-probes","description_kind":"plain","optional":true}},"block_types":{"exec":{"nesting_mode":"list","block":{"attributes":{"command":{"type":["list","string"],"description":"Command is the command line to execute inside the container, the working directory for the command is root ('/') in the container's filesystem. The command is simply exec'd, it is not run inside a shell, so traditional shell instructions. To use a shell, you need to explicitly call out to that shell. Exit status of 0 is treated as live/healthy and non-zero is unhealthy.","description_kind":"plain","optional":true}},"description":"exec specifies the action to take.","description_kind":"plain"},"max_items":1},"http_get":{"nesting_mode":"list","block":{"attributes":{"host":{"type":"string","description":"Host name to connect to, defaults to the pod IP. You probably want to set \"Host\" in httpHeaders instead.","description_kind":"plain","optional":true},"path":{"type":"string","description":"Path to access on the HTTP server.","description_kind":"plain","optional":true},"port":{"type":"string","description":"Name or number of the port to access on the container. Number must be in the range 1 to 65535. Name must be an IANA_SVC_NAME.","description_kind":"plain","optional":true},"scheme":{"type":"string","description":"Scheme to use for connecting to the host.","description_kind":"plain","optional":true}},"block_types":{"http_header":{"nesting_mode":"list","block":{"attributes":{"name":{"type":"string","description":"The header field name","description_kind":"plain","optional":true},"value":{"type":"string","description":"The header field value","description_kind":"plain","optional":true}},"description":"Scheme to use for connecting to the host.","description_kind":"plain"}}},"description":"Specifies the http request to perform.","description_kind":"plain"},"max_items":1},"tcp_socket":{"nesting_mode":"list","block":{"attributes":{"port":{"type":"string","description":"Number or name of the port to access on the container. Number must be in the range 1 to 65535. Name must be an IANA_SVC_NAME.","description_kind":"plain","required":true}},"description":"TCPSocket specifies an action involving a TCP port. TCP hooks not yet supported","description_kind":"plain"}}},"description":"Periodic probe of container liveness. Container will be restarted if the probe fails. Cannot be updated. More info: http://kubernetes.io/docs/user-guide/pod-states#container-probes","description_kind":"plain"},"max_items":1},"port":{"nesting_mode":"list","block":{"attributes":{"container_port":{"type":"number","description":"Number of port to expose on the pod's IP address. This must be a valid port number, 0 \u003c x \u003c 65536.","description_kind":"plain","required":true},"host_ip":{"type":"string","description":"What host IP to bind the external port to.","description_kind":"plain","optional":true},"host_port":{"type":"number","description":"Number of port to expose on the host. If specified, this must be a valid port number, 0 \u003c x \u003c 65536. If HostNetwork is specified, this must match ContainerPort. Most containers do not need this.","description_kind":"plain","optional":true},"name":{"type":"string","description":"If specified, this must be an IANA_SVC_NAME and unique within the pod. Each named port in a pod must have a unique name. Name for the port that can be referred to by services","description_kind":"plain","optional":true},"protocol":{"type":"string","description":"Protocol for port. Must be UDP or TCP. Defaults to \"TCP\".","description_kind":"plain","optional":true}},"description":"List of ports to expose from the container. Exposing a port here gives the system additional information about the network connections a container uses, but is primarily informational. Not specifying a port here DOES NOT prevent that port from being exposed. Any port which is listening on the default \"0.0.0.0\" address inside a container will be accessible from the network. Cannot be updated.","description_kind":"plain"}},"readiness_probe":{"nesting_mode":"list","block":{"attributes":{"failure_threshold":{"type":"number","description":"Minimum consecutive failures for the probe to be considered failed after having succeeded.","description_kind":"plain","optional":true},"initial_delay_seconds":{"type":"number","description":"Number of seconds after the container has started before liveness probes are initiated. More info: http://kubernetes.io/docs/user-guide/pod-states#container-probes","description_kind":"plain","optional":true},"period_seconds":{"type":"number","description":"How often (in seconds) to perform the probe","description_kind":"plain","optional":true},"success_threshold":{"type":"number","description":"Minimum consecutive successes for the probe to be considered successful after having failed.","description_kind":"plain","optional":true},"timeout_seconds":{"type":"number","description":"Number of seconds after which the probe times out. More info: http://kubernetes.io/docs/user-guide/pod-states#container-probes","description_kind":"plain","optional":true}},"block_types":{"exec":{"nesting_mode":"list","block":{"attributes":{"command":{"type":["list","string"],"description":"Command is the command line to execute inside the container, the working directory for the command is root ('/') in the container's filesystem. The command is simply exec'd, it is not run inside a shell, so traditional shell instructions. To use a shell, you need to explicitly call out to that shell. Exit status of 0 is treated as live/healthy and non-zero is unhealthy.","description_kind":"plain","optional":true}},"description":"exec specifies the action to take.","description_kind":"plain"},"max_items":1},"http_get":{"nesting_mode":"list","block":{"attributes":{"host":{"type":"string","description":"Host name to connect to, defaults to the pod IP. You probably want to set \"Host\" in httpHeaders instead.","description_kind":"plain","optional":true},"path":{"type":"string","description":"Path to access on the HTTP server.","description_kind":"plain","optional":true},"port":{"type":"string","description":"Name or number of the port to access on the container. Number must be in the range 1 to 65535. Name must be an IANA_SVC_NAME.","description_kind":"plain","optional":true},"scheme":{"type":"string","description":"Scheme to use for connecting to the host.","description_kind":"plain","optional":true}},"block_types":{"http_header":{"nesting_mode":"list","block":{"attributes":{"name":{"type":"string","description":"The header field name","description_kind":"plain","optional":true},"value":{"type":"string","description":"The header field value","description_kind":"plain","optional":true}},"description":"Scheme to use for connecting to the host.","description_kind":"plain"}}},"description":"Specifies the http request to perform.","description_kind":"plain"},"max_items":1},"tcp_socket":{"nesting_mode":"list","block":{"attributes":{"port":{"type":"string","description":"Number or name of the port to access on the container. Number must be in the range 1 to 65535. Name must be an IANA_SVC_NAME.","description_kind":"plain","required":true}},"description":"TCPSocket specifies an action involving a TCP port. TCP hooks not yet supported","description_kind":"plain"}}},"description":"Periodic probe of container service readiness. Container will be removed from service endpoints if the probe fails. Cannot be updated. More info: http://kubernetes.io/docs/user-guide/pod-states#container-probes","description_kind":"plain"},"max_items":1},"resources":{"nesting_mode":"list","block":{"block_types":{"limits":{"nesting_mode":"list","block":{"attributes":{"cpu":{"type":"string","description_kind":"plain","optional":true,"computed":true},"memory":{"type":"string","description_kind":"plain","optional":true,"computed":true}},"description":"Describes the maximum amount of compute resources allowed. More info: http://kubernetes.io/docs/user-guide/compute-resources/","description_kind":"plain"},"max_items":1},"requests":{"nesting_mode":"list","block":{"attributes":{"cpu":{"type":"string","description_kind":"plain","optional":true,"computed":true},"memory":{"type":"string","description_kind":"plain","optional":true,"computed":true}},"description_kind":"plain"},"max_items":1}},"description":"Compute Resources required by this container. Cannot be updated. More info: http://kubernetes.io/docs/user-guide/persistent-volumes#resources","description_kind":"plain"},"max_items":1},"security_context":{"nesting_mode":"list","block":{"attributes":{"allow_privilege_escalation":{"type":"bool","description":"AllowPrivilegeEscalation controls whether a process can gain more privileges than its parent process. This bool directly controls if the no_new_privs flag will be set on the container process. AllowPrivilegeEscalation is true always when the container is: 1) run as Privileged 2) has CAP_SYS_ADMIN","description_kind":"plain","optional":true},"privileged":{"type":"bool","description":"Run container in privileged mode. Processes in privileged containers are essentially equivalent to root on the host. Defaults to false.","description_kind":"plain","optional":true},"read_only_root_filesystem":{"type":"bool","description":"Whether this container has a read-only root filesystem. Default is false.","description_kind":"plain","optional":true},"run_as_group":{"type":"number","description":"The GID to run the entrypoint of the container process. Uses runtime default if unset. May also be set in PodSecurityContext. If set in both SecurityContext and PodSecurityContext, the value specified in SecurityContext takes precedence.","description_kind":"plain","optional":true},"run_as_non_root":{"type":"bool","description":"Indicates that the container must run as a non-root user. If true, the Kubelet will validate the image at runtime to ensure that it does not run as UID 0 (root) and fail to start the container if it does. If unset or false, no such validation will be performed. May also be set in PodSecurityContext. If set in both SecurityContext and PodSecurityContext, the value specified in SecurityContext takes precedence.","description_kind":"plain","optional":true},"run_as_user":{"type":"number","description":"The UID to run the entrypoint of the container process. Defaults to user specified in image metadata if unspecified. May also be set in PodSecurityContext. If set in both SecurityContext and PodSecurityContext, the value specified in SecurityContext takes precedence.","description_kind":"plain","optional":true}},"block_types":{"capabilities":{"nesting_mode":"list","block":{"attributes":{"add":{"type":["list","string"],"description":"Added capabilities","description_kind":"plain","optional":true},"drop":{"type":["list","string"],"description":"Removed capabilities","description_kind":"plain","optional":true}},"description":"The capabilities to add/drop when running containers. Defaults to the default set of capabilities granted by the container runtime.","description_kind":"plain"},"max_items":1},"se_linux_options":{"nesting_mode":"list","block":{"attributes":{"level":{"type":"string","description":"Level is SELinux level label that applies to the container.","description_kind":"plain","optional":true},"role":{"type":"string","description":"Role is a SELinux role label that applies to the container.","description_kind":"plain","optional":true},"type":{"type":"string","description":"Type is a SELinux type label that applies to the container.","description_kind":"plain","optional":true},"user":{"type":"string","description":"User is a SELinux user label that applies to the container.","description_kind":"plain","optional":true}},"description":"The SELinux context to be applied to the container. If unspecified, the container runtime will allocate a random SELinux context for each container. May also be set in PodSecurityContext. If set in both SecurityContext and PodSecurityContext, the value specified in SecurityContext takes precedence.","description_kind":"plain"},"max_items":1}},"description":"Security options the pod should run with. More info: http://releases.k8s.io/HEAD/docs/design/security_context.md","description_kind":"plain"},"max_items":1},"volume_mount":{"nesting_mode":"list","block":{"attributes":{"mount_path":{"type":"string","description":"Path within the container at which the volume should be mounted. Must not contain ':'.","description_kind":"plain","required":true},"name":{"type":"string","description":"This must match the Name of a Volume.","description_kind":"plain","required":true},"read_only":{"type":"bool","description":"Mounted read-only if true, read-write otherwise (false or unspecified). Defaults to false.","description_kind":"plain","optional":true},"sub_path":{"type":"string","description":"Path within the volume from which the container's volume should be mounted. Defaults to \"\" (volume's root).","description_kind":"plain","optional":true}},"description":"Pod volumes to mount into the container's filesystem. Cannot be updated.","description_kind":"plain"}}},"description":"List of init containers belonging to the pod. Init containers always run to completion and each must complete successfully before the next is started. More info: https://kubernetes.io/docs/concepts/workloads/pods/init-containers/","description_kind":"plain"}},"security_context":{"nesting_mode":"list","block":{"attributes":{"fs_group":{"type":"number","description":"A special supplemental group that applies to all containers in a pod. Some volume types allow the Kubelet to change the ownership of that volume to be owned by the pod: 1. The owning GID will be the FSGroup 2. The setgid bit is set (new files created in the volume will be owned by FSGroup) 3. The permission bits are OR'd with rw-rw---- If unset, the Kubelet will not modify the ownership and permissions of any volume.","description_kind":"plain","optional":true},"run_as_group":{"type":"number","description":"The GID to run the entrypoint of the container process. Uses runtime default if unset. May also be set in SecurityContext. If set in both SecurityContext and PodSecurityContext, the value specified in SecurityContext takes precedence for that container.","description_kind":"plain","optional":true},"run_as_non_root":{"type":"bool","description":"Indicates that the container must run as a non-root user. If true, the Kubelet will validate the image at runtime to ensure that it does not run as UID 0 (root) and fail to start the container if it does. If unset or false, no such validation will be performed. May also be set in SecurityContext. If set in both SecurityContext and PodSecurityContext, the value specified in SecurityContext takes precedence.","description_kind":"plain","optional":true},"run_as_user":{"type":"number","description":"The UID to run the entrypoint of the container process. Defaults to user specified in image metadata if unspecified. May also be set in SecurityContext. If set in both SecurityContext and PodSecurityContext, the value specified in SecurityContext takes precedence for that container.","description_kind":"plain","optional":true},"supplemental_groups":{"type":["set","number"],"description":"A list of groups applied to the first process run in each container, in addition to the container's primary GID. If unspecified, no groups will be added to any container.","description_kind":"plain","optional":true}},"block_types":{"se_linux_options":{"nesting_mode":"list","block":{"attributes":{"level":{"type":"string","description":"Level is SELinux level label that applies to the container.","description_kind":"plain","optional":true},"role":{"type":"string","description":"Role is a SELinux role label that applies to the container.","description_kind":"plain","optional":true},"type":{"type":"string","description":"Type is a SELinux type label that applies to the container.","description_kind":"plain","optional":true},"user":{"type":"string","description":"User is a SELinux user label that applies to the container.","description_kind":"plain","optional":true}},"description":"The SELinux context to be applied to all containers. If unspecified, the container runtime will allocate a random SELinux context for each container. May also be set in SecurityContext. If set in both SecurityContext and PodSecurityContext, the value specified in SecurityContext takes precedence for that container.","description_kind":"plain"},"max_items":1}},"description":"SecurityContext holds pod-level security attributes and common container settings. Optional: Defaults to empty","description_kind":"plain"},"max_items":1},"toleration":{"nesting_mode":"list","block":{"attributes":{"effect":{"type":"string","description":"Effect indicates the taint effect to match. Empty means match all taint effects. When specified, allowed values are NoSchedule, PreferNoSchedule and NoExecute.","description_kind":"plain","optional":true},"key":{"type":"string","description":"Key is the taint key that the toleration applies to. Empty means match all taint keys. If the key is empty, operator must be Exists; this combination means to match all values and all keys.","description_kind":"plain","optional":true},"operator":{"type":"string","description":"Operator represents a key's relationship to the value. Valid operators are Exists and Equal. Defaults to Equal. Exists is equivalent to wildcard for value, so that a pod can tolerate all taints of a particular category.","description_kind":"plain","optional":true},"toleration_seconds":{"type":"string","description":"TolerationSeconds represents the period of time the toleration (which must be of effect NoExecute, otherwise this field is ignored) tolerates the taint. By default, it is not set, which means tolerate the taint forever (do not evict). Zero and negative values will be treated as 0 (evict immediately) by the system.","description_kind":"plain","optional":true},"value":{"type":"string","description":"Value is the taint value the toleration matches to. If the operator is Exists, the value should be empty, otherwise just a regular string.","description_kind":"plain","optional":true}},"description":"If specified, the pod's toleration. Optional: Defaults to empty","description_kind":"plain"}},"volume":{"nesting_mode":"list","block":{"attributes":{"name":{"type":"string","description":"Volume's name. Must be a DNS_LABEL and unique within the pod. More info: http://kubernetes.io/docs/user-guide/identifiers#names","description_kind":"plain","optional":true}},"block_types":{"aws_elastic_block_store":{"nesting_mode":"list","block":{"attributes":{"fs_type":{"type":"string","description":"Filesystem type of the volume that you want to mount. Tip: Ensure that the filesystem type is supported by the host operating system. Examples: \"ext4\", \"xfs\", \"ntfs\". Implicitly inferred to be \"ext4\" if unspecified. More info: http://kubernetes.io/docs/user-guide/volumes#awselasticblockstore","description_kind":"plain","optional":true},"partition":{"type":"number","description":"The partition in the volume that you want to mount. If omitted, the default is to mount by volume name. Examples: For volume /dev/sda1, you specify the partition as \"1\". Similarly, the volume partition for /dev/sda is \"0\" (or you can leave the property empty).","description_kind":"plain","optional":true},"read_only":{"type":"bool","description":"Whether to set the read-only property in VolumeMounts to \"true\". If omitted, the default is \"false\". More info: http://kubernetes.io/docs/user-guide/volumes#awselasticblockstore","description_kind":"plain","optional":true},"volume_id":{"type":"string","description":"Unique ID of the persistent disk resource in AWS (Amazon EBS volume). More info: http://kubernetes.io/docs/user-guide/volumes#awselasticblockstore","description_kind":"plain","required":true}},"description":"Represents an AWS Disk resource that is attached to a kubelet's host machine and then exposed to the pod. More info: http://kubernetes.io/docs/user-guide/volumes#awselasticblockstore","description_kind":"plain"},"max_items":1},"azure_disk":{"nesting_mode":"list","block":{"attributes":{"caching_mode":{"type":"string","description":"Host Caching mode: None, Read Only, Read Write.","description_kind":"plain","required":true},"data_disk_uri":{"type":"string","description":"The URI the data disk in the blob storage","description_kind":"plain","required":true},"disk_name":{"type":"string","description":"The Name of the data disk in the blob storage","description_kind":"plain","required":true},"fs_type":{"type":"string","description":"Filesystem type to mount. Must be a filesystem type supported by the host operating system. Ex. \"ext4\", \"xfs\", \"ntfs\". Implicitly inferred to be \"ext4\" if unspecified.","description_kind":"plain","optional":true},"read_only":{"type":"bool","description":"Whether to force the read-only setting in VolumeMounts. Defaults to false (read/write).","description_kind":"plain","optional":true}},"description":"Represents an Azure Data Disk mount on the host and bind mount to the pod.","description_kind":"plain"},"max_items":1},"azure_file":{"nesting_mode":"list","block":{"attributes":{"read_only":{"type":"bool","description":"Whether to force the read-only setting in VolumeMounts. Defaults to false (read/write).","description_kind":"plain","optional":true},"secret_name":{"type":"string","description":"The name of secret that contains Azure Storage Account Name and Key","description_kind":"plain","required":true},"share_name":{"type":"string","description":"Share Name","description_kind":"plain","required":true}},"description":"Represents an Azure File Service mount on the host and bind mount to the pod.","description_kind":"plain"},"max_items":1},"ceph_fs":{"nesting_mode":"list","block":{"attributes":{"monitors":{"type":["set","string"],"description":"Monitors is a collection of Ceph monitors More info: http://releases.k8s.io/HEAD/examples/volumes/cephfs/README.md#how-to-use-it","description_kind":"plain","required":true},"path":{"type":"string","description":"Used as the mounted root, rather than the full Ceph tree, default is /","description_kind":"plain","optional":true},"read_only":{"type":"bool","description":"Whether to force the read-only setting in VolumeMounts. Defaults to `false` (read/write). More info: http://releases.k8s.io/HEAD/examples/volumes/cephfs/README.md#how-to-use-it","description_kind":"plain","optional":true},"secret_file":{"type":"string","description":"The path to key ring for User, default is /etc/ceph/user.secret More info: http://releases.k8s.io/HEAD/examples/volumes/cephfs/README.md#how-to-use-it","description_kind":"plain","optional":true},"user":{"type":"string","description":"User is the rados user name, default is admin. More info: http://releases.k8s.io/HEAD/examples/volumes/cephfs/README.md#how-to-use-it","description_kind":"plain","optional":true}},"block_types":{"secret_ref":{"nesting_mode":"list","block":{"attributes":{"name":{"type":"string","description":"Name of the referent. More info: http://kubernetes.io/docs/user-guide/identifiers#names","description_kind":"plain","optional":true}},"description":"Reference to the authentication secret for User, default is empty. More info: http://releases.k8s.io/HEAD/examples/volumes/cephfs/README.md#how-to-use-it","description_kind":"plain"},"max_items":1}},"description":"Represents a Ceph FS mount on the host that shares a pod's lifetime","description_kind":"plain"},"max_items":1},"cinder":{"nesting_mode":"list","block":{"attributes":{"fs_type":{"type":"string","description":"Filesystem type to mount. Must be a filesystem type supported by the host operating system. Examples: \"ext4\", \"xfs\", \"ntfs\". Implicitly inferred to be \"ext4\" if unspecified. More info: http://releases.k8s.io/HEAD/examples/mysql-cinder-pd/README.md","description_kind":"plain","optional":true},"read_only":{"type":"bool","description":"Whether to force the read-only setting in VolumeMounts. Defaults to false (read/write). More info: http://releases.k8s.io/HEAD/examples/mysql-cinder-pd/README.md","description_kind":"plain","optional":true},"volume_id":{"type":"string","description":"Volume ID used to identify the volume in Cinder. More info: http://releases.k8s.io/HEAD/examples/mysql-cinder-pd/README.md","description_kind":"plain","required":true}},"description":"Represents a cinder volume attached and mounted on kubelets host machine. More info: http://releases.k8s.io/HEAD/examples/mysql-cinder-pd/README.md","description_kind":"plain"},"max_items":1},"config_map":{"nesting_mode":"list","block":{"attributes":{"default_mode":{"type":"string","description":"Optional: mode bits to use on created files by default. Must be a value between 0 and 0777. Defaults to 0644. Directories within the path are not affected by this setting. This might be in conflict with other options that affect the file mode, like fsGroup, and the result can be other mode bits set.","description_kind":"plain","optional":true},"name":{"type":"string","description":"Name of the referent. More info: http://kubernetes.io/docs/user-guide/identifiers#names","description_kind":"plain","optional":true}},"block_types":{"items":{"nesting_mode":"list","block":{"attributes":{"key":{"type":"string","description":"The key to project.","description_kind":"plain","optional":true},"mode":{"type":"string","description":"Optional: mode bits to use on this file, must be a value between 0 and 0777. If not specified, the volume defaultMode will be used. This might be in conflict with other options that affect the file mode, like fsGroup, and the result can be other mode bits set.","description_kind":"plain","optional":true},"path":{"type":"string","description":"The relative path of the file to map the key to. May not be an absolute path. May not contain the path element '..'. May not start with the string '..'.","description_kind":"plain","optional":true}},"description":"If unspecified, each key-value pair in the Data field of the referenced ConfigMap will be projected into the volume as a file whose name is the key and content is the value. If specified, the listed keys will be projected into the specified paths, and unlisted keys will not be present. If a key is specified which is not present in the ConfigMap, the volume setup will error. Paths must be relative and may not contain the '..' path or start with '..'.","description_kind":"plain"}}},"description":"ConfigMap represents a configMap that should populate this volume","description_kind":"plain"},"max_items":1},"downward_api":{"nesting_mode":"list","block":{"attributes":{"default_mode":{"type":"string","description":"Optional: mode bits to use on created files by default. Must be a value between 0 and 0777. Defaults to 0644. Directories within the path are not affected by this setting. This might be in conflict with other options that affect the file mode, like fsGroup, and the result can be other mode bits set.","description_kind":"plain","optional":true}},"block_types":{"items":{"nesting_mode":"list","block":{"attributes":{"mode":{"type":"string","description":"Optional: mode bits to use on this file, must be a value between 0 and 0777. If not specified, the volume defaultMode will be used. This might be in conflict with other options that affect the file mode, like fsGroup, and the result can be other mode bits set.","description_kind":"plain","optional":true},"path":{"type":"string","description":"Path is the relative path name of the file to be created. Must not be absolute or contain the '..' path. Must be utf-8 encoded. The first item of the relative path must not start with '..'","description_kind":"plain","required":true}},"block_types":{"field_ref":{"nesting_mode":"list","block":{"attributes":{"api_version":{"type":"string","description":"Version of the schema the FieldPath is written in terms of, defaults to \"v1\".","description_kind":"plain","optional":true},"field_path":{"type":"string","description":"Path of the field to select in the specified API version","description_kind":"plain","optional":true}},"description":"Required: Selects a field of the pod: only annotations, labels, name and namespace are supported.","description_kind":"plain"},"min_items":1,"max_items":1},"resource_field_ref":{"nesting_mode":"list","block":{"attributes":{"container_name":{"type":"string","description_kind":"plain","required":true},"quantity":{"type":"string","description_kind":"plain","optional":true},"resource":{"type":"string","description":"Resource to select","description_kind":"plain","required":true}},"description":"Selects a resource of the container: only resources limits and requests (limits.cpu, limits.memory, requests.cpu and requests.memory) are currently supported.","description_kind":"plain"},"max_items":1}},"description":"If unspecified, each key-value pair in the Data field of the referenced ConfigMap will be projected into the volume as a file whose name is the key and content is the value. If specified, the listed keys will be projected into the specified paths, and unlisted keys will not be present. If a key is specified which is not present in the ConfigMap, the volume setup will error. Paths must be relative and may not contain the '..' path or start with '..'.","description_kind":"plain"}}},"description":"DownwardAPI represents downward API about the pod that should populate this volume","description_kind":"plain"},"max_items":1},"empty_dir":{"nesting_mode":"list","block":{"attributes":{"medium":{"type":"string","description":"What type of storage medium should back this directory. The default is \"\" which means to use the node's default medium. Must be an empty string (default) or Memory. More info: http://kubernetes.io/docs/user-guide/volumes#emptydir","description_kind":"plain","optional":true}},"description":"EmptyDir represents a temporary directory that shares a pod's lifetime. More info: http://kubernetes.io/docs/user-guide/volumes#emptydir","description_kind":"plain"},"max_items":1},"fc":{"nesting_mode":"list","block":{"attributes":{"fs_type":{"type":"string","description":"Filesystem type to mount. Must be a filesystem type supported by the host operating system. Ex. \"ext4\", \"xfs\", \"ntfs\". Implicitly inferred to be \"ext4\" if unspecified.","description_kind":"plain","optional":true},"lun":{"type":"number","description":"FC target lun number","description_kind":"plain","required":true},"read_only":{"type":"bool","description":"Whether to force the read-only setting in VolumeMounts. Defaults to false (read/write).","description_kind":"plain","optional":true},"target_ww_ns":{"type":["set","string"],"description":"FC target worldwide names (WWNs)","description_kind":"plain","required":true}},"description":"Represents a Fibre Channel resource that is attached to a kubelet's host machine and then exposed to the pod.","description_kind":"plain"},"max_items":1},"flex_volume":{"nesting_mode":"list","block":{"attributes":{"driver":{"type":"string","description":"Driver is the name of the driver to use for this volume.","description_kind":"plain","required":true},"fs_type":{"type":"string","description":"Filesystem type to mount. Must be a filesystem type supported by the host operating system. Ex. \"ext4\", \"xfs\", \"ntfs\". The default filesystem depends on FlexVolume script.","description_kind":"plain","optional":true},"options":{"type":["map","string"],"description":"Extra command options if any.","description_kind":"plain","optional":true},"read_only":{"type":"bool","description":"Whether to force the ReadOnly setting in VolumeMounts. Defaults to false (read/write).","description_kind":"plain","optional":true}},"block_types":{"secret_ref":{"nesting_mode":"list","block":{"attributes":{"name":{"type":"string","description":"Name of the referent. More info: http://kubernetes.io/docs/user-guide/identifiers#names","description_kind":"plain","optional":true}},"description":"Reference to the secret object containing sensitive information to pass to the plugin scripts. This may be empty if no secret object is specified. If the secret object contains more than one secret, all secrets are passed to the plugin scripts.","description_kind":"plain"},"max_items":1}},"description":"Represents a generic volume resource that is provisioned/attached using an exec based plugin. This is an alpha feature and may change in future.","description_kind":"plain"},"max_items":1},"flocker":{"nesting_mode":"list","block":{"attributes":{"dataset_name":{"type":"string","description":"Name of the dataset stored as metadata -\u003e name on the dataset for Flocker should be considered as deprecated","description_kind":"plain","optional":true},"dataset_uuid":{"type":"string","description":"UUID of the dataset. This is unique identifier of a Flocker dataset","description_kind":"plain","optional":true}},"description":"Represents a Flocker volume attached to a kubelet's host machine and exposed to the pod for its usage. This depends on the Flocker control service being running","description_kind":"plain"},"max_items":1},"gce_persistent_disk":{"nesting_mode":"list","block":{"attributes":{"fs_type":{"type":"string","description":"Filesystem type of the volume that you want to mount. Tip: Ensure that the filesystem type is supported by the host operating system. Examples: \"ext4\", \"xfs\", \"ntfs\". Implicitly inferred to be \"ext4\" if unspecified. More info: http://kubernetes.io/docs/user-guide/volumes#gcepersistentdisk","description_kind":"plain","optional":true},"partition":{"type":"number","description":"The partition in the volume that you want to mount. If omitted, the default is to mount by volume name. Examples: For volume /dev/sda1, you specify the partition as \"1\". Similarly, the volume partition for /dev/sda is \"0\" (or you can leave the property empty). More info: http://kubernetes.io/docs/user-guide/volumes#gcepersistentdisk","description_kind":"plain","optional":true},"pd_name":{"type":"string","description":"Unique name of the PD resource in GCE. Used to identify the disk in GCE. More info: http://kubernetes.io/docs/user-guide/volumes#gcepersistentdisk","description_kind":"plain","required":true},"read_only":{"type":"bool","description":"Whether to force the ReadOnly setting in VolumeMounts. Defaults to false. More info: http://kubernetes.io/docs/user-guide/volumes#gcepersistentdisk","description_kind":"plain","optional":true}},"description":"Represents a GCE Disk resource that is attached to a kubelet's host machine and then exposed to the pod. Provisioned by an admin. More info: http://kubernetes.io/docs/user-guide/volumes#gcepersistentdisk","description_kind":"plain"},"max_items":1},"git_repo":{"nesting_mode":"list","block":{"attributes":{"directory":{"type":"string","description":"Target directory name. Must not contain or start with '..'. If '.' is supplied, the volume directory will be the git repository. Otherwise, if specified, the volume will contain the git repository in the subdirectory with the given name.","description_kind":"plain","optional":true},"repository":{"type":"string","description":"Repository URL","description_kind":"plain","optional":true},"revision":{"type":"string","description":"Commit hash for the specified revision.","description_kind":"plain","optional":true}},"description":"GitRepo represents a git repository at a particular revision.","description_kind":"plain"},"max_items":1},"glusterfs":{"nesting_mode":"list","block":{"attributes":{"endpoints_name":{"type":"string","description":"The endpoint name that details Glusterfs topology. More info: http://releases.k8s.io/HEAD/examples/volumes/glusterfs/README.md#create-a-pod","description_kind":"plain","required":true},"path":{"type":"string","description":"The Glusterfs volume path. More info: http://releases.k8s.io/HEAD/examples/volumes/glusterfs/README.md#create-a-pod","description_kind":"plain","required":true},"read_only":{"type":"bool","description":"Whether to force the Glusterfs volume to be mounted with read-only permissions. Defaults to false. More info: http://releases.k8s.io/HEAD/examples/volumes/glusterfs/README.md#create-a-pod","description_kind":"plain","optional":true}},"description":"Represents a Glusterfs volume that is attached to a host and exposed to the pod. Provisioned by an admin. More info: http://releases.k8s.io/HEAD/examples/volumes/glusterfs/README.md","description_kind":"plain"},"max_items":1},"host_path":{"nesting_mode":"list","block":{"attributes":{"path":{"type":"string","description":"Path of the directory on the host. More info: http://kubernetes.io/docs/user-guide/volumes#hostpath","description_kind":"plain","optional":true}},"description":"Represents a directory on the host. Provisioned by a developer or tester. This is useful for single-node development and testing only! On-host storage is not supported in any way and WILL NOT WORK in a multi-node cluster. More info: http://kubernetes.io/docs/user-guide/volumes#hostpath","description_kind":"plain"},"max_items":1},"iscsi":{"nesting_mode":"list","block":{"attributes":{"fs_type":{"type":"string","description":"Filesystem type of the volume that you want to mount. Tip: Ensure that the filesystem type is supported by the host operating system. Examples: \"ext4\", \"xfs\", \"ntfs\". Implicitly inferred to be \"ext4\" if unspecified. More info: http://kubernetes.io/docs/user-guide/volumes#iscsi","description_kind":"plain","optional":true},"iqn":{"type":"string","description":"Target iSCSI Qualified Name.","description_kind":"plain","required":true},"iscsi_interface":{"type":"string","description":"iSCSI interface name that uses an iSCSI transport. Defaults to 'default' (tcp).","description_kind":"plain","optional":true},"lun":{"type":"number","description":"iSCSI target lun number.","description_kind":"plain","optional":true},"read_only":{"type":"bool","description":"Whether to force the read-only setting in VolumeMounts. Defaults to false.","description_kind":"plain","optional":true},"target_portal":{"type":"string","description":"iSCSI target portal. The portal is either an IP or ip_addr:port if the port is other than default (typically TCP ports 860 and 3260).","description_kind":"plain","required":true}},"description":"Represents an ISCSI Disk resource that is attached to a kubelet's host machine and then exposed to the pod. Provisioned by an admin.","description_kind":"plain"},"max_items":1},"local":{"nesting_mode":"list","block":{"attributes":{"path":{"type":"string","description":"Path of the directory on the host. More info: http://kubernetes.io/docs/user-guide/volumes#local","description_kind":"plain","optional":true}},"description":"Represents a mounted local storage device such as a disk, partition or directory. Local volumes can only be used as a statically created PersistentVolume. Dynamic provisioning is not supported yet. More info: http://kubernetes.io/docs/user-guide/volumes#local","description_kind":"plain"},"max_items":1},"nfs":{"nesting_mode":"list","block":{"attributes":{"path":{"type":"string","description":"Path that is exported by the NFS server. More info: http://kubernetes.io/docs/user-guide/volumes#nfs","description_kind":"plain","required":true},"read_only":{"type":"bool","description":"Whether to force the NFS export to be mounted with read-only permissions. Defaults to false. More info: http://kubernetes.io/docs/user-guide/volumes#nfs","description_kind":"plain","optional":true},"server":{"type":"string","description":"Server is the hostname or IP address of the NFS server. More info: http://kubernetes.io/docs/user-guide/volumes#nfs","description_kind":"plain","required":true}},"description":"Represents an NFS mount on the host. Provisioned by an admin. More info: http://kubernetes.io/docs/user-guide/volumes#nfs","description_kind":"plain"},"max_items":1},"persistent_volume_claim":{"nesting_mode":"list","block":{"attributes":{"claim_name":{"type":"string","description":"ClaimName is the name of a PersistentVolumeClaim in the same ","description_kind":"plain","optional":true},"read_only":{"type":"bool","description":"Will force the ReadOnly setting in VolumeMounts.","description_kind":"plain","optional":true}},"description":"The specification of a persistent volume.","description_kind":"plain"},"max_items":1},"photon_persistent_disk":{"nesting_mode":"list","block":{"attributes":{"fs_type":{"type":"string","description":"Filesystem type to mount. Must be a filesystem type supported by the host operating system. Ex. \"ext4\", \"xfs\", \"ntfs\". Implicitly inferred to be \"ext4\" if unspecified.","description_kind":"plain","optional":true},"pd_id":{"type":"string","description":"ID that identifies Photon Controller persistent disk","description_kind":"plain","required":true}},"description":"Represents a PhotonController persistent disk attached and mounted on kubelets host machine","description_kind":"plain"},"max_items":1},"quobyte":{"nesting_mode":"list","block":{"attributes":{"group":{"type":"string","description":"Group to map volume access to Default is no group","description_kind":"plain","optional":true},"read_only":{"type":"bool","description":"Whether to force the Quobyte volume to be mounted with read-only permissions. Defaults to false.","description_kind":"plain","optional":true},"registry":{"type":"string","description":"Registry represents a single or multiple Quobyte Registry services specified as a string as host:port pair (multiple entries are separated with commas) which acts as the central registry for volumes","description_kind":"plain","required":true},"user":{"type":"string","description":"User to map volume access to Defaults to serivceaccount user","description_kind":"plain","optional":true},"volume":{"type":"string","description":"Volume is a string that references an already created Quobyte volume by name.","description_kind":"plain","required":true}},"description":"Quobyte represents a Quobyte mount on the host that shares a pod's lifetime","description_kind":"plain"},"max_items":1},"rbd":{"nesting_mode":"list","block":{"attributes":{"ceph_monitors":{"type":["set","string"],"description":"A collection of Ceph monitors. More info: http://releases.k8s.io/HEAD/examples/volumes/rbd/README.md#how-to-use-it","description_kind":"plain","required":true},"fs_type":{"type":"string","description":"Filesystem type of the volume that you want to mount. Tip: Ensure that the filesystem type is supported by the host operating system. Examples: \"ext4\", \"xfs\", \"ntfs\". Implicitly inferred to be \"ext4\" if unspecified. More info: http://kubernetes.io/docs/user-guide/volumes#rbd","description_kind":"plain","optional":true},"keyring":{"type":"string","description":"Keyring is the path to key ring for RBDUser. Default is /etc/ceph/keyring. More info: http://releases.k8s.io/HEAD/examples/volumes/rbd/README.md#how-to-use-it","description_kind":"plain","optional":true,"computed":true},"rados_user":{"type":"string","description":"The rados user name. Default is admin. More info: http://releases.k8s.io/HEAD/examples/volumes/rbd/README.md#how-to-use-it","description_kind":"plain","optional":true},"rbd_image":{"type":"string","description":"The rados image name. More info: http://releases.k8s.io/HEAD/examples/volumes/rbd/README.md#how-to-use-it","description_kind":"plain","required":true},"rbd_pool":{"type":"string","description":"The rados pool name. Default is rbd. More info: http://releases.k8s.io/HEAD/examples/volumes/rbd/README.md#how-to-use-it.","description_kind":"plain","optional":true},"read_only":{"type":"bool","description":"Whether to force the read-only setting in VolumeMounts. Defaults to false. More info: http://releases.k8s.io/HEAD/examples/volumes/rbd/README.md#how-to-use-it","description_kind":"plain","optional":true}},"block_types":{"secret_ref":{"nesting_mode":"list","block":{"attributes":{"name":{"type":"string","description":"Name of the referent. More info: http://kubernetes.io/docs/user-guide/identifiers#names","description_kind":"plain","optional":true}},"description":"Name of the authentication secret for RBDUser. If provided overrides keyring. Default is nil. More info: http://releases.k8s.io/HEAD/examples/volumes/rbd/README.md#how-to-use-it","description_kind":"plain"},"max_items":1}},"description":"Represents a Rados Block Device mount on the host that shares a pod's lifetime. More info: http://releases.k8s.io/HEAD/examples/volumes/rbd/README.md","description_kind":"plain"},"max_items":1},"secret":{"nesting_mode":"list","block":{"attributes":{"default_mode":{"type":"string","description":"Optional: mode bits to use on created files by default. Must be a value between 0 and 0777. Defaults to 0644. Directories within the path are not affected by this setting. This might be in conflict with other options that affect the file mode, like fsGroup, and the result can be other mode bits set.","description_kind":"plain","optional":true},"optional":{"type":"bool","description":"Optional: Specify whether the Secret or it's keys must be defined.","description_kind":"plain","optional":true},"secret_name":{"type":"string","description":"Name of the secret in the pod's namespace to use. More info: http://kubernetes.io/docs/user-guide/volumes#secrets","description_kind":"plain","optional":true}},"block_types":{"items":{"nesting_mode":"list","block":{"attributes":{"key":{"type":"string","description":"The key to project.","description_kind":"plain","optional":true},"mode":{"type":"string","description":"Optional: mode bits to use on this file, must be a value between 0 and 0777. If not specified, the volume defaultMode will be used. This might be in conflict with other options that affect the file mode, like fsGroup, and the result can be other mode bits set.","description_kind":"plain","optional":true},"path":{"type":"string","description":"The relative path of the file to map the key to. May not be an absolute path. May not contain the path element '..'. May not start with the string '..'.","description_kind":"plain","optional":true}},"description":"If unspecified, each key-value pair in the Data field of the referenced Secret will be projected into the volume as a file whose name is the key and content is the value. If specified, the listed keys will be projected into the specified paths, and unlisted keys will not be present. If a key is specified which is not present in the Secret, the volume setup will error unless it is marked optional. Paths must be relative and may not contain the '..' path or start with '..'.","description_kind":"plain"}}},"description":"Secret represents a secret that should populate this volume. More info: http://kubernetes.io/docs/user-guide/volumes#secrets","description_kind":"plain"},"max_items":1},"vsphere_volume":{"nesting_mode":"list","block":{"attributes":{"fs_type":{"type":"string","description":"Filesystem type to mount. Must be a filesystem type supported by the host operating system. Ex. \"ext4\", \"xfs\", \"ntfs\". Implicitly inferred to be \"ext4\" if unspecified.","description_kind":"plain","optional":true},"volume_path":{"type":"string","description":"Path that identifies vSphere volume vmdk","description_kind":"plain","required":true}},"description":"Represents a vSphere volume attached and mounted on kubelets host machine","description_kind":"plain"},"max_items":1}},"description":"List of volumes that can be mounted by containers belonging to the pod. More info: http://kubernetes.io/docs/user-guide/volumes","description_kind":"plain"}}},"description":"(v1.PodSpec) Specification of the desired behavior of the pod. More info: https://git.k8s.io/community/contributors/devel/api-conventions.md#spec-and-status","description_kind":"plain"},"min_items":1,"max_items":1}},"description":"(v1.PodTemplateSpec) Template is the object that describes the pod that will be created if insufficient replicas are detected.","description_kind":"plain"},"min_items":1,"max_items":1},"trigger":{"nesting_mode":"list","block":{"attributes":{"type":{"type":"string","description":"(string) Type of the trigger","description_kind":"plain","optional":true}},"block_types":{"image_change_params":{"nesting_mode":"list","block":{"attributes":{"automatic":{"type":"bool","description":"(boolean) Automatic means that the detection of a new tag value should result in an image update inside the pod template.","description_kind":"plain","optional":true,"computed":true},"container_names":{"type":["set","string"],"description":"(array) ContainerNames is used to restrict tag updates to the specified set of container names in a pod. If multiple triggers point to the same containers, the resulting behavior is undefined. Future API versions will make this a validation error. If ContainerNames does not point to a valid container, the trigger will be ignored. Future API versions will make this a validation error.","description_kind":"plain","required":true}},"block_types":{"from":{"nesting_mode":"list","block":{"attributes":{"kind":{"type":"string","description":"(string) Kind of the referent. More info: https://git.k8s.io/community/contributors/devel/api-conventions.md#types-kinds","description_kind":"plain","optional":true},"name":{"type":"string","description":"(string) Name of the referent. More info: https://kubernetes.io/docs/concepts/overview/working-with-objects/names/#names","description_kind":"plain","optional":true},"namespace":{"type":"string","description":"(string) Namespace of the referent. More info: https://kubernetes.io/docs/concepts/overview/working-with-objects/namespaces/","description_kind":"plain","optional":true}},"description":"(v1.ObjectReference) From is a reference to an image stream tag to watch for changes. From.Name is the only required subfield - if From.Namespace is blank, the namespace of the current deployment trigger will be used.","description_kind":"plain"}}},"description":"(v1.DeploymentTriggerImageChangeParams) ImageChangeParams represents the parameters for the ImageChange trigger.","description_kind":"plain"},"max_items":1}},"description":"(array) Triggers determine how updates to a DeploymentConfig result in new deployments. If no triggers are defined, a new deployment can only occur as a result of an explicit client update to the DeploymentConfig with a new LatestVersion. If null, defaults to having a config change trigger.","description_kind":"plain"}}},"description":"(v1.DeploymentConfigSpec) Spec represents a desired deployment state and how to deploy to it.","description_kind":"plain"},"min_items":1,"max_items":1},"timeouts":{"nesting_mode":"single","block":{"attributes":{"create":{"type":"string","description_kind":"plain","optional":true},"delete":{"type":"string","description_kind":"plain","optional":true},"update":{"type":"string","description_kind":"plain","optional":true}},"description_kind":"plain"}}},"description_kind":"plain"}},"openshift_image_stream":{"version":0,"block":{"attributes":{"id":{"type":"string","description_kind":"plain","optional":true,"computed":true}},"block_types":{"metadata":{"nesting_mode":"list","block":{"attributes":{"annotations":{"type":["map","string"],"description":"An unstructured key value map stored with the imagestream that may be used to store arbitrary metadata. More info: http://kubernetes.io/docs/user-guide/annotations","description_kind":"plain","optional":true},"generate_name":{"type":"string","description":"Prefix, used by the server, to generate a unique name ONLY IF the `name` field has not been provided. This value will also be combined with a unique suffix. Read more: https://github.com/kubernetes/community/blob/master/contributors/devel/api-conventions.md#idempotency","description_kind":"plain","optional":true},"generation":{"type":"number","description":"A sequence number representing a specific generation of the desired state.","description_kind":"plain","computed":true},"labels":{"type":["map","string"],"description":"Map of string keys and values that can be used to organize and categorize (scope and select) the imagestream. May match selectors of replication controllers and services. More info: http://kubernetes.io/docs/user-guide/labels","description_kind":"plain","optional":true},"name":{"type":"string","description":"Name of the imagestream, must be unique. Cannot be updated. More info: http://kubernetes.io/docs/user-guide/identifiers#names","description_kind":"plain","optional":true,"computed":true},"namespace":{"type":"string","description":"Namespace defines the space within which name of the imagestream must be unique.","description_kind":"plain","optional":true},"resource_version":{"type":"string","description":"An opaque value that represents the internal version of this imagestream that can be used by clients to determine when imagestream has changed. Read more: https://github.com/kubernetes/community/blob/master/contributors/devel/api-conventions.md#concurrency-control-and-consistency","description_kind":"plain","computed":true},"self_link":{"type":"string","description":"A URL representing this imagestream.","description_kind":"plain","computed":true},"uid":{"type":"string","description":"The unique in time and space value for this imagestream. More info: http://kubernetes.io/docs/user-guide/identifiers#uids","description_kind":"plain","computed":true}},"description":"Standard imagestream's metadata. More info: https://github.com/kubernetes/community/blob/master/contributors/devel/api-conventions.md#metadata","description_kind":"plain"},"min_items":1,"max_items":1},"spec":{"nesting_mode":"list","block":{"attributes":{"docker_image_repository":{"type":"string","description":"(string) dockerImageRepository is optional, if specified this stream is backed by a Docker repository on this server","description_kind":"plain","optional":true}},"block_types":{"lookup_policy":{"nesting_mode":"list","block":{"attributes":{"local":{"type":"bool","description":"(boolean) local will change the docker short image references (like 'mysql' or 'php:latest') on objects in this namespace to the image ID whenever they match this image stream, instead of reaching out to a remote registry. The name will be fully qualified to an image ID if found. The tag's referencePolicy is taken into account on the replaced value. Only works within the current namespace.","description_kind":"plain","optional":true}},"description":"(v1.ImageLookupPolicy) lookupPolicy controls how other resources reference images within this namespace.","description_kind":"plain"},"max_items":1},"tag":{"nesting_mode":"list","block":{"attributes":{"annotations":{"type":["map","string"],"description":"(object) Annotations associated with images using this tag","description_kind":"plain","optional":true},"generation":{"type":"number","description":"(integer) Generation is the image stream generation that updated this tag - setting it to 0 is an indication that the generation must be updated. Legacy clients will send this as nil, which means the client doesn't know or care.","description_kind":"plain","computed":true},"name":{"type":"string","description":"(string) Name of the tag","description_kind":"plain","optional":true,"computed":true},"reference":{"type":"bool","description":"(boolean) Reference states if the tag will be imported. Default value is false, which means the tag will be imported.","description_kind":"plain","optional":true}},"block_types":{"from":{"nesting_mode":"list","block":{"attributes":{"api_version":{"type":"string","description":"(string) API version of the referent.","description_kind":"plain","optional":true},"field_path":{"type":"string","description":"(string) If referring to a piece of an object instead of an entire object, this string should contain a valid JSON/Go field access statement, such as desiredState.manifest.containers[2]. For example, if the object reference is to a container within a pod, this would take on a value like: \"spec.containers{name}\" (where \"name\" refers to the name of the container that triggered the event) or if no container name is specified \"spec.containers[2]\" (container with index 2 in this pod). This syntax is chosen only to have some well-defined way of referencing a part of an object.","description_kind":"plain","optional":true},"kind":{"type":"string","description":"(string) Kind of the referent. More info: https://git.k8s.io/community/contributors/devel/api-conventions.md#types-kinds","description_kind":"plain","optional":true},"name":{"type":"string","description":"(string) Name of the referent. More info: https://kubernetes.io/docs/concepts/overview/working-with-objects/names/#names","description_kind":"plain","optional":true},"namespace":{"type":"string","description":"(string) Namespace of the referent. More info: https://kubernetes.io/docs/concepts/overview/working-with-objects/namespaces/","description_kind":"plain","optional":true},"resource_version":{"type":"string","description":"(string) Specific resource_version to which this reference is made, if any. More info: https://git.k8s.io/community/contributors/devel/api-conventions.md#concurrency-control-and-consistency","description_kind":"plain","optional":true},"uid":{"type":"string","description":"(string) UID of the referent. More info: https://kubernetes.io/docs/concepts/overview/working-with-objects/names/#uids","description_kind":"plain","optional":true}},"description":"(v1.ObjectReference) From is a reference to an image stream tag or image stream this tag should track","description_kind":"plain"}},"import_policy":{"nesting_mode":"list","block":{"attributes":{"insecure":{"type":"bool","description":"(boolean) Insecure is true if the server may bypass certificate verification or connect directly over HTTP during image import.","description_kind":"plain","optional":true},"scheduled":{"type":"bool","description":"(boolean) Scheduled indicates to the server that this tag should be periodically checked to ensure it is up to date, and imported","description_kind":"plain","optional":true}},"description":"(v1.TagImportPolicy) Import is information that controls how images may be imported by the server.","description_kind":"plain"}},"reference_policy":{"nesting_mode":"list","block":{"attributes":{"type":{"type":"string","description":"(string) Type determines how the image pull spec should be transformed when the image stream tag is used in deployment config triggers or new builds. The default value is `Source`, indicating the original location of the image should be used (if imported). The user may also specify `Local`, indicating that the pull spec should point to the integrated Docker registry and leverage the registry's ability to proxy the pull to an upstream registry. `Local` allows the credentials used to pull this image to be managed from the image stream's namespace, so others on the platform can access a remote image but have no access to the remote secret. It also allows the image layers to be mirrored into the local registry which the images can still be pulled even if the upstream registry is unavailable.","description_kind":"plain","optional":true}},"description":"(v1.TagReferencePolicy) ReferencePolicy defines how other components should consume the image","description_kind":"plain"}}},"description":"(array) tags map arbitrary string values to specific image locators","description_kind":"plain"}}},"description":"(v1.ImageStreamSpec) Spec describes the desired state of this stream","description_kind":"plain"},"min_items":1,"max_items":1},"timeouts":{"nesting_mode":"single","block":{"attributes":{"create":{"type":"string","description_kind":"plain","optional":true},"delete":{"type":"string","description_kind":"plain","optional":true},"update":{"type":"string","description_kind":"plain","optional":true}},"description_kind":"plain"}}},"description_kind":"plain"}},"openshift_netnamespace":{"version":0,"block":{"attributes":{"egress_ips":{"type":["set","string"],"description":"EgressIPs is a list of reserved IPs that will be used as the source for external traffic coming from pods in this namespace. (If empty, external traffic will be masqueraded to Node IPs.)","description_kind":"plain","optional":true},"id":{"type":"string","description_kind":"plain","optional":true,"computed":true},"netid":{"type":"string","description":"(integer) NetID is the network identifier of the network namespace assigned to each overlay network packet. This can be manipulated with the \"oc adm pod-network\" commands.","description_kind":"plain","computed":true},"netname":{"type":"string","description":"(string) NetName is the name of the network namespace. (This is the same as the object's name, but both fields must be set.)","description_kind":"plain","required":true}},"block_types":{"metadata":{"nesting_mode":"list","block":{"attributes":{"annotations":{"type":["map","string"],"description":"An unstructured key value map stored with the netnamespace that may be used to store arbitrary metadata. More info: http://kubernetes.io/docs/user-guide/annotations","description_kind":"plain","optional":true},"generate_name":{"type":"string","description":"Prefix, used by the server, to generate a unique name ONLY IF the `name` field has not been provided. This value will also be combined with a unique suffix. Read more: https://github.com/kubernetes/community/blob/master/contributors/devel/api-conventions.md#idempotency","description_kind":"plain","optional":true},"generation":{"type":"number","description":"A sequence number representing a specific generation of the desired state.","description_kind":"plain","computed":true},"labels":{"type":["map","string"],"description":"Map of string keys and values that can be used to organize and categorize (scope and select) the netnamespace. May match selectors of replication controllers and services. More info: http://kubernetes.io/docs/user-guide/labels","description_kind":"plain","optional":true},"name":{"type":"string","description":"Name of the netnamespace, must be unique. Cannot be updated. More info: http://kubernetes.io/docs/user-guide/identifiers#names","description_kind":"plain","optional":true,"computed":true},"namespace":{"type":"string","description":"Namespace defines the space within which name of the netnamespace must be unique.","description_kind":"plain","optional":true},"resource_version":{"type":"string","description":"An opaque value that represents the internal version of this netnamespace that can be used by clients to determine when netnamespace has changed. Read more: https://github.com/kubernetes/community/blob/master/contributors/devel/api-conventions.md#concurrency-control-and-consistency","description_kind":"plain","computed":true},"self_link":{"type":"string","description":"A URL representing this netnamespace.","description_kind":"plain","computed":true},"uid":{"type":"string","description":"The unique in time and space value for this netnamespace. More info: http://kubernetes.io/docs/user-guide/identifiers#uids","description_kind":"plain","computed":true}},"description":"Standard netnamespace's metadata. More info: https://github.com/kubernetes/community/blob/master/contributors/devel/api-conventions.md#metadata","description_kind":"plain"},"min_items":1,"max_items":1},"timeouts":{"nesting_mode":"single","block":{"attributes":{"create":{"type":"string","description_kind":"plain","optional":true},"delete":{"type":"string","description_kind":"plain","optional":true},"update":{"type":"string","description_kind":"plain","optional":true}},"description_kind":"plain"}}},"description_kind":"plain"}},"openshift_project":{"version":0,"block":{"attributes":{"id":{"type":"string","description_kind":"plain","optional":true,"computed":true}},"block_types":{"metadata":{"nesting_mode":"list","block":{"attributes":{"annotations":{"type":["map","string"],"description":"An unstructured key value map stored with the project that may be used to store arbitrary metadata. More info: http://kubernetes.io/docs/user-guide/annotations","description_kind":"plain","optional":true},"generate_name":{"type":"string","description":"Prefix, used by the server, to generate a unique name ONLY IF the `name` field has not been provided. This value will also be combined with a unique suffix. Read more: https://github.com/kubernetes/community/blob/master/contributors/devel/api-conventions.md#idempotency","description_kind":"plain","optional":true},"generation":{"type":"number","description":"A sequence number representing a specific generation of the desired state.","description_kind":"plain","computed":true},"labels":{"type":["map","string"],"description":"Map of string keys and values that can be used to organize and categorize (scope and select) the project. May match selectors of replication controllers and services. More info: http://kubernetes.io/docs/user-guide/labels","description_kind":"plain","optional":true},"name":{"type":"string","description":"Name of the project, must be unique. Cannot be updated. More info: http://kubernetes.io/docs/user-guide/identifiers#names","description_kind":"plain","optional":true,"computed":true},"resource_version":{"type":"string","description":"An opaque value that represents the internal version of this project that can be used by clients to determine when project has changed. Read more: https://github.com/kubernetes/community/blob/master/contributors/devel/api-conventions.md#concurrency-control-and-consistency","description_kind":"plain","computed":true},"self_link":{"type":"string","description":"A URL representing this project.","description_kind":"plain","computed":true},"uid":{"type":"string","description":"The unique in time and space value for this project. More info: http://kubernetes.io/docs/user-guide/identifiers#uids","description_kind":"plain","computed":true}},"description":"Standard project's metadata. More info: https://github.com/kubernetes/community/blob/master/contributors/devel/api-conventions.md#metadata","description_kind":"plain"},"min_items":1,"max_items":1},"timeouts":{"nesting_mode":"single","block":{"attributes":{"delete":{"type":"string","description_kind":"plain","optional":true}},"description_kind":"plain"}}},"description_kind":"plain"}},"openshift_project_request":{"version":0,"block":{"attributes":{"id":{"type":"string","description_kind":"plain","optional":true,"computed":true}},"block_types":{"metadata":{"nesting_mode":"list","block":{"attributes":{"annotations":{"type":["map","string"],"description":"An unstructured key value map stored with the project that may be used to store arbitrary metadata. More info: http://kubernetes.io/docs/user-guide/annotations","description_kind":"plain","optional":true},"generate_name":{"type":"string","description":"Prefix, used by the server, to generate a unique name ONLY IF the `name` field has not been provided. This value will also be combined with a unique suffix. Read more: https://github.com/kubernetes/community/blob/master/contributors/devel/api-conventions.md#idempotency","description_kind":"plain","optional":true},"generation":{"type":"number","description":"A sequence number representing a specific generation of the desired state.","description_kind":"plain","computed":true},"labels":{"type":["map","string"],"description":"Map of string keys and values that can be used to organize and categorize (scope and select) the project. May match selectors of replication controllers and services. More info: http://kubernetes.io/docs/user-guide/labels","description_kind":"plain","optional":true},"name":{"type":"string","description":"Name of the project, must be unique. Cannot be updated. More info: http://kubernetes.io/docs/user-guide/identifiers#names","description_kind":"plain","optional":true,"computed":true},"resource_version":{"type":"string","description":"An opaque value that represents the internal version of this project that can be used by clients to determine when project has changed. Read more: https://github.com/kubernetes/community/blob/master/contributors/devel/api-conventions.md#concurrency-control-and-consistency","description_kind":"plain","computed":true},"self_link":{"type":"string","description":"A URL representing this project.","description_kind":"plain","computed":true},"uid":{"type":"string","description":"The unique in time and space value for this project. More info: http://kubernetes.io/docs/user-guide/identifiers#uids","description_kind":"plain","computed":true}},"description":"Standard project's metadata. More info: https://github.com/kubernetes/community/blob/master/contributors/devel/api-conventions.md#metadata","description_kind":"plain"},"min_items":1,"max_items":1},"timeouts":{"nesting_mode":"single","block":{"attributes":{"delete":{"type":"string","description_kind":"plain","optional":true}},"description_kind":"plain"}}},"description_kind":"plain"}},"openshift_route":{"version":0,"block":{"attributes":{"id":{"type":"string","description_kind":"plain","optional":true,"computed":true}},"block_types":{"metadata":{"nesting_mode":"list","block":{"attributes":{"annotations":{"type":["map","string"],"description":"An unstructured key value map stored with the route that may be used to store arbitrary metadata. More info: http://kubernetes.io/docs/user-guide/annotations","description_kind":"plain","optional":true},"generate_name":{"type":"string","description":"Prefix, used by the server, to generate a unique name ONLY IF the `name` field has not been provided. This value will also be combined with a unique suffix. Read more: https://github.com/kubernetes/community/blob/master/contributors/devel/api-conventions.md#idempotency","description_kind":"plain","optional":true},"generation":{"type":"number","description":"A sequence number representing a specific generation of the desired state.","description_kind":"plain","computed":true},"labels":{"type":["map","string"],"description":"Map of string keys and values that can be used to organize and categorize (scope and select) the route. May match selectors of replication controllers and services. More info: http://kubernetes.io/docs/user-guide/labels","description_kind":"plain","optional":true},"name":{"type":"string","description":"Name of the route, must be unique. Cannot be updated. More info: http://kubernetes.io/docs/user-guide/identifiers#names","description_kind":"plain","optional":true,"computed":true},"namespace":{"type":"string","description":"Namespace defines the space within which name of the route must be unique.","description_kind":"plain","optional":true},"resource_version":{"type":"string","description":"An opaque value that represents the internal version of this route that can be used by clients to determine when route has changed. Read more: https://github.com/kubernetes/community/blob/master/contributors/devel/api-conventions.md#concurrency-control-and-consistency","description_kind":"plain","computed":true},"self_link":{"type":"string","description":"A URL representing this route.","description_kind":"plain","computed":true},"uid":{"type":"string","description":"The unique in time and space value for this route. More info: http://kubernetes.io/docs/user-guide/identifiers#uids","description_kind":"plain","computed":true}},"description":"Standard route's metadata. More info: https://github.com/kubernetes/community/blob/master/contributors/devel/api-conventions.md#metadata","description_kind":"plain"},"min_items":1,"max_items":1},"spec":{"nesting_mode":"list","block":{"attributes":{"host":{"type":"string","description":"(string) host is an alias/DNS that points to the service. Optional. If not specified a route name will typically be automatically chosen. Must follow DNS952 subdomain conventions.","description_kind":"plain","optional":true,"computed":true},"path":{"type":"string","description":"(string) Path that the router watches for, to route traffic for to the service. Optional","description_kind":"plain","optional":true},"wildcard_policy":{"type":"string","description":"(string) Wildcard policy if any for the route. Currently only 'Subdomain' or 'None' is allowed.","description_kind":"plain","optional":true}},"block_types":{"port":{"nesting_mode":"list","block":{"attributes":{"target_port":{"type":"string","description":"(intstr.IntOrString) The target port on pods selected by the service this route points to. If this is a string, it will be looked up as a named port in the target endpoints port list. Required","description_kind":"plain","required":true}},"description":"(v1.RoutePort) If specified, the port to be used by the router. Most routers will use all endpoints exposed by the service by default - set this value to instruct routers which port to use.","description_kind":"plain"},"max_items":1},"tls":{"nesting_mode":"list","block":{"attributes":{"ca_certificate":{"type":"string","description":"(string) caCertificate provides the cert authority certificate contents","description_kind":"plain","optional":true},"certificate":{"type":"string","description":"(string) certificate provides certificate contents","description_kind":"plain","optional":true},"destination_ca_certificate":{"type":"string","description":"(string) destinationCACertificate provides the contents of the ca certificate of the final destination.  When using reencrypt termination this file should be provided in order to have routers use it for health checks on the secure connection. If this field is not specified, the router may provide its own destination CA and perform hostname validation using the short service name (service.namespace.svc), which allows infrastructure generated certificates to automatically verify.","description_kind":"plain","optional":true},"insecure_edge_termination_policy":{"type":"string","description":"(string) insecureEdgeTerminationPolicy indicates the desired behavior for insecure connections to a route. While each router may make its own decisions on which ports to expose, this is normally port 80.","description_kind":"plain","optional":true,"computed":true},"key":{"type":"string","description":"(string) key provides key file contents","description_kind":"plain","optional":true},"termination":{"type":"string","description":"(string) termination indicates termination type.","description_kind":"plain","optional":true,"computed":true}},"description":"(v1.TLSConfig) The tls field provides the ability to configure certificates and termination for the route.","description_kind":"plain"},"max_items":1},"to":{"nesting_mode":"list","block":{"attributes":{"kind":{"type":"string","description":"(string) The kind of target that the route is referring to. Currently, only 'Service' is allowed","description_kind":"plain","required":true},"name":{"type":"string","description":"(string) name of the service/target that is being referred to. e.g. name of the service","description_kind":"plain","required":true},"weight":{"type":"number","description":"(integer) weight as an integer between 0 and 256, default 1, that specifies the target's relative weight against other target reference objects. 0 suppresses requests to this backend.","description_kind":"plain","optional":true,"computed":true}},"description":"(v1.RouteTargetReference) to is an object the route should use as the primary backend. Only the Service kind is allowed, and it will be defaulted to Service. If the weight field (0-256 default 1) is set to zero, no traffic will be sent to this backend.","description_kind":"plain"},"min_items":1,"max_items":1}},"description":"Spec defines the behavior of a route.","description_kind":"plain"},"min_items":1,"max_items":1}},"description_kind":"plain"}},"openshift_secret":{"version":0,"block":{"attributes":{"base64data":{"type":["map","string"],"description":"A map of the base64-encoded secret data.","description_kind":"plain","optional":true,"sensitive":true},"data":{"type":["map","string"],"description":"A map of the secret data.","description_kind":"plain","optional":true,"sensitive":true},"id":{"type":"string","description_kind":"plain","optional":true,"computed":true},"type":{"type":"string","description":"Type of secret","description_kind":"plain","optional":true}},"block_types":{"metadata":{"nesting_mode":"list","block":{"attributes":{"annotations":{"type":["map","string"],"description":"An unstructured key value map stored with the secret that may be used to store arbitrary metadata. More info: http://kubernetes.io/docs/user-guide/annotations","description_kind":"plain","optional":true},"generate_name":{"type":"string","description":"Prefix, used by the server, to generate a unique name ONLY IF the `name` field has not been provided. This value will also be combined with a unique suffix. Read more: https://github.com/kubernetes/community/blob/master/contributors/devel/api-conventions.md#idempotency","description_kind":"plain","optional":true},"generation":{"type":"number","description":"A sequence number representing a specific generation of the desired state.","description_kind":"plain","computed":true},"labels":{"type":["map","string"],"description":"Map of string keys and values that can be used to organize and categorize (scope and select) the secret. May match selectors of replication controllers and services. More info: http://kubernetes.io/docs/user-guide/labels","description_kind":"plain","optional":true},"name":{"type":"string","description":"Name of the secret, must be unique. Cannot be updated. More info: http://kubernetes.io/docs/user-guide/identifiers#names","description_kind":"plain","optional":true,"computed":true},"namespace":{"type":"string","description":"Namespace defines the space within which name of the secret must be unique.","description_kind":"plain","optional":true},"resource_version":{"type":"string","description":"An opaque value that represents the internal version of this secret that can be used by clients to determine when secret has changed. Read more: https://github.com/kubernetes/community/blob/master/contributors/devel/api-conventions.md#concurrency-control-and-consistency","description_kind":"plain","computed":true},"self_link":{"type":"string","description":"A URL representing this secret.","description_kind":"plain","computed":true},"uid":{"type":"string","description":"The unique in time and space value for this secret. More info: http://kubernetes.io/docs/user-guide/identifiers#uids","description_kind":"plain","computed":true}},"description":"Standard secret's metadata. More info: https://github.com/kubernetes/community/blob/master/contributors/devel/api-conventions.md#metadata","description_kind":"plain"},"min_items":1,"max_items":1}},"description_kind":"plain"}}}}}}
