{"format_version":"0.1","provider_schemas":{"registry.terraform.io/hashicorp/template":{"provider":{"version":0,"block":{"description_kind":"plain"}},"resource_schemas":{"template_cloudinit_config":{"version":0,"block":{"attributes":{"base64_encode":{"type":"bool","description_kind":"plain","optional":true},"gzip":{"type":"bool","description_kind":"plain","optional":true},"id":{"type":"string","description_kind":"plain","optional":true,"computed":true},"rendered":{"type":"string","description":"rendered cloudinit configuration","description_kind":"plain","computed":true}},"block_types":{"part":{"nesting_mode":"list","block":{"attributes":{"content":{"type":"string","description_kind":"plain","required":true},"content_type":{"type":"string","description_kind":"plain","optional":true},"filename":{"type":"string","description_kind":"plain","optional":true},"merge_type":{"type":"string","description_kind":"plain","optional":true}},"description_kind":"plain"},"min_items":1}},"description_kind":"plain"}},"template_dir":{"version":0,"block":{"attributes":{"destination_dir":{"type":"string","description":"Path to the directory where the templated files will be written","description_kind":"plain","required":true},"id":{"type":"string","description_kind":"plain","optional":true,"computed":true},"source_dir":{"type":"string","description":"Path to the directory where the files to template reside","description_kind":"plain","required":true},"vars":{"type":["map","string"],"description":"Variables to substitute","description_kind":"plain","optional":true}},"description_kind":"plain"}},"template_file":{"version":0,"block":{"attributes":{"filename":{"type":"string","description_kind":"plain","optional":true},"id":{"type":"string","description_kind":"plain","optional":true,"computed":true},"rendered":{"type":"string","description":"rendered template","description_kind":"plain","computed":true},"template":{"type":"string","description":"Contents of the template","description_kind":"plain","optional":true},"vars":{"type":["map","string"],"description":"variables to substitute","description_kind":"plain","optional":true}},"description_kind":"plain"}}},"data_source_schemas":{"template_cloudinit_config":{"version":0,"block":{"attributes":{"base64_encode":{"type":"bool","description_kind":"plain","optional":true},"gzip":{"type":"bool","description_kind":"plain","optional":true},"id":{"type":"string","description_kind":"plain","optional":true,"computed":true},"rendered":{"type":"string","description":"rendered cloudinit configuration","description_kind":"plain","computed":true}},"block_types":{"part":{"nesting_mode":"list","block":{"attributes":{"content":{"type":"string","description_kind":"plain","required":true},"content_type":{"type":"string","description_kind":"plain","optional":true},"filename":{"type":"string","description_kind":"plain","optional":true},"merge_type":{"type":"string","description_kind":"plain","optional":true}},"description_kind":"plain"},"min_items":1}},"description_kind":"plain"}},"template_file":{"version":0,"block":{"attributes":{"filename":{"type":"string","description_kind":"plain","optional":true},"id":{"type":"string","description_kind":"plain","optional":true,"computed":true},"rendered":{"type":"string","description":"rendered template","description_kind":"plain","computed":true},"template":{"type":"string","description":"Contents of the template","description_kind":"plain","optional":true},"vars":{"type":["map","string"],"description":"variables to substitute","description_kind":"plain","optional":true}},"description_kind":"plain"}}}}}}
