{"format_version":"0.1","provider_schemas":{"registry.terraform.io/aristanetworks/cloudeos":{"provider":{"version":0,"block":{"attributes":{"cvaas_domain":{"type":"string","description":"CVaaS Domain name","description_kind":"plain","required":true},"cvaas_server":{"type":"string","description":"Cvp server hostname / ip address and port for terraform client to authenticate. It must be in format of \u003chostname\u003e or \u003chostname\u003e:\u003cport\u003e","description_kind":"plain","required":true},"service_account_web_token":{"type":"string","description":"Service account web token","description_kind":"plain","required":true}},"description_kind":"plain"}},"resource_schemas":{"cloudeos_clos":{"version":0,"block":{"attributes":{"cv_container_name":{"type":"string","description":"Container name for leaf","description_kind":"plain","optional":true},"fabric":{"type":"string","description":"full_mesh or hub_spoke","description_kind":"plain","optional":true},"id":{"type":"string","description_kind":"plain","optional":true,"computed":true},"leaf_encryption":{"type":"bool","description_kind":"plain","optional":true},"leaf_to_edge_igw":{"type":"bool","description_kind":"plain","optional":true},"leaf_to_edge_peering":{"type":"bool","description_kind":"plain","optional":true},"name":{"type":"string","description":"Clos topology name","description_kind":"plain","required":true},"tf_id":{"type":"string","description_kind":"plain","computed":true},"topology_name":{"type":"string","description":"Base topology name","description_kind":"plain","required":true}},"block_types":{"timeouts":{"nesting_mode":"single","block":{"attributes":{"delete":{"type":"string","description_kind":"plain","optional":true}},"description_kind":"plain"}}},"description_kind":"plain"}},"cloudeos_router_config":{"version":0,"block":{"attributes":{"ami":{"type":"string","description":"CloudEOS image","description_kind":"plain","optional":true},"availability_zone":{"type":"string","description_kind":"plain","optional":true},"bootstrap_cfg":{"type":"string","description_kind":"plain","computed":true},"cloud_provider":{"type":"string","description":"aws/azure/gcp","description_kind":"plain","required":true},"cnps":{"type":"string","description_kind":"plain","optional":true},"ha_rtr_id":{"type":"string","description_kind":"plain","computed":true},"id":{"type":"string","description_kind":"plain","optional":true,"computed":true},"internal_rt_table_id":{"type":["list","string"],"description_kind":"plain","computed":true},"intf_name":{"type":["list","string"],"description":"Interface name","description_kind":"plain","required":true},"intf_private_ip":{"type":["list","string"],"description":"Private IP address","description_kind":"plain","required":true},"intf_type":{"type":["list","string"],"description":"Interface type","description_kind":"plain","required":true},"is_rr":{"type":"bool","description_kind":"plain","optional":true},"key_name":{"type":"string","description":"AWS keypair name","description_kind":"plain","optional":true},"peer_routetable_id":{"type":["list","string"],"description_kind":"plain","computed":true},"peerroutetableid1":{"type":["list","string"],"description_kind":"plain","deprecated":true,"computed":true},"private_rt_table_id":{"type":["list","string"],"description_kind":"plain","computed":true},"public_rt_table_id":{"type":["list","string"],"description_kind":"plain","computed":true},"region":{"type":"string","description_kind":"plain","required":true},"role":{"type":"string","description_kind":"plain","optional":true},"tags":{"type":["map","string"],"description":"A mapping of tags to assign to the resource","description_kind":"plain","optional":true},"tf_id":{"type":"string","description_kind":"plain","computed":true},"topology_name":{"type":"string","description_kind":"plain","required":true},"vpc_id":{"type":"string","description_kind":"plain","required":true}},"block_types":{"timeouts":{"nesting_mode":"single","block":{"attributes":{"create":{"type":"string","description_kind":"plain","optional":true},"delete":{"type":"string","description_kind":"plain","optional":true}},"description_kind":"plain"}}},"description_kind":"plain"}},"cloudeos_router_status":{"version":0,"block":{"attributes":{"availability_set_id":{"type":"string","description":"Availability set if for Azure","description_kind":"plain","optional":true},"availability_zone":{"type":"string","description_kind":"plain","optional":true},"cloud_provider":{"type":"string","description":"aws / azure / gcp","description_kind":"plain","required":true},"cnps":{"type":"string","description_kind":"plain","optional":true},"cv_container":{"type":"string","description":"Container to which cvp should add this device","description_kind":"plain","optional":true},"deployment_status":{"type":"string","description_kind":"plain","optional":true,"computed":true},"ha_name":{"type":"string","description_kind":"plain","optional":true},"id":{"type":"string","description_kind":"plain","optional":true,"computed":true},"instance_id":{"type":"string","description":"VM instance ID","description_kind":"plain","optional":true},"instance_type":{"type":"string","description_kind":"plain","required":true},"internal_rt_table_ids":{"type":["list","string"],"description_kind":"plain","optional":true},"intf_id":{"type":["list","string"],"description":"Interface id","description_kind":"plain","required":true},"intf_name":{"type":["list","string"],"description":"Interface name","description_kind":"plain","required":true},"intf_private_ip":{"type":["list","string"],"description":"Private IP address","description_kind":"plain","required":true},"intf_subnet_id":{"type":["list","string"],"description":"Subnet id attached to intf","description_kind":"plain","required":true},"intf_type":{"type":["list","string"],"description":"Interface type","description_kind":"plain","required":true},"is_rr":{"type":"bool","description_kind":"plain","optional":true},"primary_network_interface_id":{"type":"string","description_kind":"plain","optional":true},"private_rt_table_ids":{"type":["list","string"],"description_kind":"plain","optional":true},"public_ip":{"type":"string","description":"Public ip address","description_kind":"plain","optional":true},"public_rt_table_ids":{"type":["list","string"],"description_kind":"plain","optional":true},"region":{"type":"string","description_kind":"plain","required":true},"rg_location":{"type":"string","description_kind":"plain","optional":true},"rg_name":{"type":"string","description_kind":"plain","optional":true},"routing_resource_info":{"type":["list","string"],"description":"List of all route table and association resources.","description_kind":"plain","optional":true},"tags":{"type":["map","string"],"description":"A mapping of tags to assign to the resource","description_kind":"plain","optional":true},"tf_id":{"type":"string","description_kind":"plain","required":true},"vpc_id":{"type":"string","description":"Vpc id of cloudeos","description_kind":"plain","optional":true}},"block_types":{"timeouts":{"nesting_mode":"single","block":{"attributes":{"delete":{"type":"string","description_kind":"plain","optional":true}},"description_kind":"plain"}}},"description_kind":"plain"}},"cloudeos_subnet":{"version":0,"block":{"attributes":{"availability_zone":{"type":"string","description":"availability zone","description_kind":"plain","optional":true},"cidr_block":{"type":"string","description":"CIDR block","description_kind":"plain","required":true},"cloud_provider":{"type":"string","description":"aws/azure/gcp","description_kind":"plain","required":true},"computed_subnet_id":{"type":"string","description_kind":"plain","computed":true},"id":{"type":"string","description_kind":"plain","optional":true,"computed":true},"subnet_id":{"type":"string","description":"subnet id","description_kind":"plain","required":true},"subnet_name":{"type":"string","description":"Subnet names","description_kind":"plain","required":true},"tf_id":{"type":"string","description_kind":"plain","computed":true},"vnet_name":{"type":"string","description_kind":"plain","optional":true},"vpc_id":{"type":"string","description_kind":"plain","required":true}},"description_kind":"plain"}},"cloudeos_topology":{"version":0,"block":{"attributes":{"bgp_asn":{"type":"string","description":"Range, a-b, of BGP ASN’s used for topology","description_kind":"plain","required":true},"dps_controlplane_cidr":{"type":"string","description":"CIDR block for TerminAttr IPs on cloudeos","description_kind":"plain","required":true},"eos_managed":{"type":["set","string"],"description":"Existing cloudeos","description_kind":"plain","optional":true},"id":{"type":"string","description_kind":"plain","optional":true,"computed":true},"terminattr_ip_cidr":{"type":"string","description":"Loopback IP range on cloudeos","description_kind":"plain","required":true},"tf_id":{"type":"string","description_kind":"plain","computed":true},"topology_name":{"type":"string","description":"Name of the base topology","description_kind":"plain","required":true},"vtep_ip_cidr":{"type":"string","description":"CIDR block for VTEP IPs on cloudeos","description_kind":"plain","required":true}},"block_types":{"timeouts":{"nesting_mode":"single","block":{"attributes":{"delete":{"type":"string","description_kind":"plain","optional":true}},"description_kind":"plain"}}},"description_kind":"plain"}},"cloudeos_vpc_config":{"version":0,"block":{"attributes":{"clos_name":{"type":"string","description":"ClosFabric name","description_kind":"plain","optional":true},"cloud_provider":{"type":"string","description":"aws/azure/gcp","description_kind":"plain","required":true},"cnps":{"type":"string","description_kind":"plain","required":true},"id":{"type":"string","description_kind":"plain","optional":true,"computed":true},"peer_rg_name":{"type":"string","description_kind":"plain","computed":true},"peer_vnet_id":{"type":"string","description_kind":"plain","computed":true},"peer_vnet_name":{"type":"string","description_kind":"plain","computed":true},"peer_vpc_cidr":{"type":"string","description_kind":"plain","computed":true},"peer_vpc_id":{"type":"string","description_kind":"plain","computed":true},"peervpcidr":{"type":"string","description_kind":"plain","deprecated":true,"computed":true},"region":{"type":"string","description_kind":"plain","required":true},"rg_name":{"type":"string","description":"Resource Group name","description_kind":"plain","optional":true},"role":{"type":"string","description":"CloudEdge/CloudLeaf","description_kind":"plain","required":true},"tags":{"type":["map","string"],"description":"A mapping of tags to assign to the resource","description_kind":"plain","optional":true},"tf_id":{"type":"string","description_kind":"plain","computed":true},"topology_name":{"type":"string","description_kind":"plain","required":true},"vnet_name":{"type":"string","description":"VNET name","description_kind":"plain","optional":true},"wan_name":{"type":"string","description":"WanFabric name","description_kind":"plain","optional":true}},"block_types":{"timeouts":{"nesting_mode":"single","block":{"attributes":{"create":{"type":"string","description_kind":"plain","optional":true},"delete":{"type":"string","description_kind":"plain","optional":true}},"description_kind":"plain"}}},"description_kind":"plain"}},"cloudeos_vpc_status":{"version":0,"block":{"attributes":{"account":{"type":"string","description":"The unique identifier of the account","description_kind":"plain","required":true},"cidr_block":{"type":"string","description":"CIDR block","description_kind":"plain","optional":true},"clos_name":{"type":"string","description":"ClosFabric name","description_kind":"plain","optional":true},"cloud_provider":{"type":"string","description":"aws/azure/gcp","description_kind":"plain","required":true},"cnps":{"type":"string","description_kind":"plain","required":true},"id":{"type":"string","description_kind":"plain","optional":true,"computed":true},"igw":{"type":"string","description":"Internet gateway id ","description_kind":"plain","optional":true},"region":{"type":"string","description_kind":"plain","required":true},"resource_group":{"type":"string","description":"Resource group needed by Azure","description_kind":"plain","optional":true},"rg_name":{"type":"string","description_kind":"plain","optional":true},"role":{"type":"string","description":"CloudEdge/CloudLeaf","description_kind":"plain","required":true},"security_group_id":{"type":"string","description":"Security group id","description_kind":"plain","optional":true},"tags":{"type":["map","string"],"description":"A mapping of tags to assign to the resource","description_kind":"plain","optional":true},"tf_id":{"type":"string","description_kind":"plain","required":true},"topology_name":{"type":"string","description":"Base topology name","description_kind":"plain","optional":true},"vnet_name":{"type":"string","description_kind":"plain","optional":true},"vpc_id":{"type":"string","description_kind":"plain","required":true},"wan_name":{"type":"string","description":"WanFabric name","description_kind":"plain","optional":true}},"block_types":{"timeouts":{"nesting_mode":"single","block":{"attributes":{"delete":{"type":"string","description_kind":"plain","optional":true}},"description_kind":"plain"}}},"description_kind":"plain"}},"cloudeos_wan":{"version":0,"block":{"attributes":{"cv_container_name":{"type":"string","description":"Container name for edge","description_kind":"plain","optional":true},"edge_to_edge_dedicated_connect":{"type":"bool","description_kind":"plain","optional":true},"edge_to_edge_igw":{"type":"bool","description_kind":"plain","optional":true},"edge_to_edge_peering":{"type":"bool","description_kind":"plain","optional":true},"id":{"type":"string","description_kind":"plain","optional":true,"computed":true},"name":{"type":"string","description":"Wan fabric name","description_kind":"plain","required":true},"tf_id":{"type":"string","description_kind":"plain","computed":true},"topology_name":{"type":"string","description":"Base topology name","description_kind":"plain","required":true}},"block_types":{"timeouts":{"nesting_mode":"single","block":{"attributes":{"delete":{"type":"string","description_kind":"plain","optional":true}},"description_kind":"plain"}}},"description_kind":"plain"}}}}}}
