{"format_version":"0.1","provider_schemas":{"registry.terraform.io/oktadeveloper/okta":{"provider":{"version":0,"block":{"attributes":{"api_token":{"type":"string","description":"API Token granting privileges to Okta API.","description_kind":"plain","required":true},"backoff":{"type":"bool","description":"Use exponential back off strategy for rate limits.","description_kind":"plain","optional":true},"base_url":{"type":"string","description":"The Okta url. (Use 'oktapreview.com' for Okta testing)","description_kind":"plain","optional":true},"max_retries":{"type":"number","description":"maximum number of retries to attempt before erroring out.","description_kind":"plain","optional":true},"max_wait_seconds":{"type":"number","description":"maximum seconds to wait when rate limit is hit. We use exponential backoffs when backoff is enabled.","description_kind":"plain","optional":true},"min_wait_seconds":{"type":"number","description":"minimum seconds to wait when rate limit is hit. We use exponential backoffs when backoff is enabled.","description_kind":"plain","optional":true},"org_name":{"type":"string","description":"The organization to manage in Okta.","description_kind":"plain","required":true},"parallelism":{"type":"number","description":"Number of concurrent requests to make within a resource where bulk operations are not possible. Take note of https://developer.okta.com/docs/api/getting_started/rate-limits.","description_kind":"plain","optional":true}},"description_kind":"plain"}},"resource_schemas":{"okta_app_auto_login":{"version":0,"block":{"attributes":{"accessibility_error_redirect_url":{"type":"string","description":"Custom error page URL","description_kind":"plain","optional":true},"accessibility_self_service":{"type":"bool","description":"Enable self service","description_kind":"plain","optional":true},"auto_submit_toolbar":{"type":"bool","description":"Display auto submit toolbar","description_kind":"plain","optional":true},"credentials_scheme":{"type":"string","description":"Application credentials scheme","description_kind":"plain","optional":true},"groups":{"type":["set","string"],"description":"Groups associated with the application","description_kind":"plain","optional":true},"hide_ios":{"type":"bool","description":"Do not display application icon on mobile app","description_kind":"plain","optional":true},"hide_web":{"type":"bool","description":"Do not display application icon to users","description_kind":"plain","optional":true},"id":{"type":"string","description_kind":"plain","optional":true,"computed":true},"label":{"type":"string","description":"Pretty name of app.","description_kind":"plain","required":true},"name":{"type":"string","description":"name of app.","description_kind":"plain","computed":true},"preconfigured_app":{"type":"string","description":"Preconfigured app name","description_kind":"plain","optional":true},"reveal_password":{"type":"bool","description":"Allow user to reveal password","description_kind":"plain","optional":true},"shared_password":{"type":"string","description":"Shared password, required for certain schemes.","description_kind":"plain","optional":true},"shared_username":{"type":"string","description":"Shared username, required for certain schemes.","description_kind":"plain","optional":true},"sign_on_mode":{"type":"string","description":"Sign on mode of application.","description_kind":"plain","computed":true},"sign_on_redirect_url":{"type":"string","description":"Post login redirect URL","description_kind":"plain","optional":true},"sign_on_url":{"type":"string","description":"Login URL","description_kind":"plain","optional":true},"status":{"type":"string","description":"Status of application.","description_kind":"plain","optional":true},"user_name_template":{"type":"string","description":"Username template","description_kind":"plain","computed":true},"user_name_template_type":{"type":"string","description":"Username template type","description_kind":"plain","computed":true}},"block_types":{"users":{"nesting_mode":"set","block":{"attributes":{"id":{"type":"string","description":"User ID.","description_kind":"plain","optional":true},"password":{"type":"string","description":"Password for user application.","description_kind":"plain","optional":true},"scope":{"type":"string","description":"Scope of application user.","description_kind":"plain","computed":true},"username":{"type":"string","description":"Username for user.","description_kind":"plain","optional":true}},"description":"Users associated with the application","description_kind":"plain"}}},"description_kind":"plain"}},"okta_app_basic_auth":{"version":0,"block":{"attributes":{"auth_url":{"type":"string","description":"Login button field","description_kind":"plain","optional":true},"auto_submit_toolbar":{"type":"bool","description":"Display auto submit toolbar","description_kind":"plain","optional":true},"groups":{"type":["set","string"],"description":"Groups associated with the application","description_kind":"plain","optional":true},"hide_ios":{"type":"bool","description":"Do not display application icon on mobile app","description_kind":"plain","optional":true},"hide_web":{"type":"bool","description":"Do not display application icon to users","description_kind":"plain","optional":true},"id":{"type":"string","description_kind":"plain","optional":true,"computed":true},"label":{"type":"string","description":"Pretty name of app.","description_kind":"plain","required":true},"name":{"type":"string","description":"name of app.","description_kind":"plain","computed":true},"sign_on_mode":{"type":"string","description":"Sign on mode of application.","description_kind":"plain","computed":true},"status":{"type":"string","description":"Status of application.","description_kind":"plain","optional":true},"url":{"type":"string","description":"Login password field","description_kind":"plain","optional":true}},"block_types":{"users":{"nesting_mode":"set","block":{"attributes":{"id":{"type":"string","description":"User ID.","description_kind":"plain","optional":true},"password":{"type":"string","description":"Password for user application.","description_kind":"plain","optional":true},"scope":{"type":"string","description":"Scope of application user.","description_kind":"plain","computed":true},"username":{"type":"string","description":"Username for user.","description_kind":"plain","optional":true}},"description":"Users associated with the application","description_kind":"plain"}}},"description_kind":"plain"}},"okta_app_bookmark":{"version":0,"block":{"attributes":{"auto_submit_toolbar":{"type":"bool","description":"Display auto submit toolbar","description_kind":"plain","optional":true},"groups":{"type":["set","string"],"description":"Groups associated with the application","description_kind":"plain","optional":true},"hide_ios":{"type":"bool","description":"Do not display application icon on mobile app","description_kind":"plain","optional":true},"hide_web":{"type":"bool","description":"Do not display application icon to users","description_kind":"plain","optional":true},"id":{"type":"string","description_kind":"plain","optional":true,"computed":true},"label":{"type":"string","description":"Pretty name of app.","description_kind":"plain","required":true},"name":{"type":"string","description":"name of app.","description_kind":"plain","computed":true},"request_integration":{"type":"bool","description_kind":"plain","optional":true},"sign_on_mode":{"type":"string","description":"Sign on mode of application.","description_kind":"plain","computed":true},"status":{"type":"string","description":"Status of application.","description_kind":"plain","optional":true},"url":{"type":"string","description_kind":"plain","required":true}},"block_types":{"users":{"nesting_mode":"set","block":{"attributes":{"id":{"type":"string","description":"User ID.","description_kind":"plain","optional":true},"password":{"type":"string","description":"Password for user application.","description_kind":"plain","optional":true},"scope":{"type":"string","description":"Scope of application user.","description_kind":"plain","computed":true},"username":{"type":"string","description":"Username for user.","description_kind":"plain","optional":true}},"description":"Users associated with the application","description_kind":"plain"}}},"description_kind":"plain"}},"okta_app_group_assignment":{"version":0,"block":{"attributes":{"app_id":{"type":"string","description":"App to associate group with","description_kind":"plain","required":true},"group_id":{"type":"string","description":"Group associated with the application","description_kind":"plain","required":true},"id":{"type":"string","description_kind":"plain","optional":true,"computed":true},"priority":{"type":"number","description_kind":"plain","optional":true},"profile":{"type":"string","description_kind":"plain","optional":true}},"description_kind":"plain"}},"okta_app_oauth":{"version":0,"block":{"attributes":{"auto_key_rotation":{"type":"bool","description":"Requested key rotation mode.","description_kind":"plain","optional":true},"auto_submit_toolbar":{"type":"bool","description":"Display auto submit toolbar","description_kind":"plain","optional":true},"client_basic_secret":{"type":"string","description":"OAuth client secret key, this can be set when token_endpoint_auth_method is client_secret_basic.","description_kind":"plain","optional":true,"sensitive":true},"client_id":{"type":"string","description":"OAuth client ID. If set during creation, app is created with this id.","description_kind":"plain","optional":true,"computed":true},"client_secret":{"type":"string","description":"OAuth client secret key. This will be in plain text in your statefile unless you set omit_secret above.","description_kind":"plain","computed":true,"sensitive":true},"client_uri":{"type":"string","description":"URI to a web page providing information about the client.","description_kind":"plain","optional":true},"consent_method":{"type":"string","description":"*Early Access Property*. Indicates whether user consent is required or implicit. Valid values: REQUIRED, TRUSTED. Default value is TRUSTED","description_kind":"plain","optional":true},"custom_client_id":{"type":"string","description":"**Deprecated** This property allows you to set your client_id during creation. NOTE: updating after creation will be a no-op, use client_id for that behavior instead.","description_kind":"plain","deprecated":true,"optional":true},"grant_types":{"type":["set","string"],"description":"List of OAuth 2.0 grant types. Conditional validation params found here https://developer.okta.com/docs/api/resources/apps#credentials-settings-details. Defaults to minimum requirements per app type.","description_kind":"plain","optional":true},"groups":{"type":["set","string"],"description":"Groups associated with the application","description_kind":"plain","optional":true},"hide_ios":{"type":"bool","description":"Do not display application icon on mobile app","description_kind":"plain","optional":true},"hide_web":{"type":"bool","description":"Do not display application icon to users","description_kind":"plain","optional":true},"id":{"type":"string","description_kind":"plain","optional":true,"computed":true},"issuer_mode":{"type":"string","description":"*Early Access Property*. Indicates whether the Okta Authorization Server uses the original Okta org domain URL or a custom domain URL as the issuer of ID token for this client.","description_kind":"plain","optional":true},"label":{"type":"string","description":"Pretty name of app.","description_kind":"plain","required":true},"login_uri":{"type":"string","description":"URI that initiates login.","description_kind":"plain","optional":true},"logo_uri":{"type":"string","description":"URI that references a logo for the client.","description_kind":"plain","optional":true},"name":{"type":"string","description":"name of app.","description_kind":"plain","computed":true},"omit_secret":{"type":"bool","description":"This tells the provider not to persist the application's secret to state. If this is ever changes from true =\u003e false your app will be recreated.","description_kind":"plain","optional":true},"policy_uri":{"type":"string","description":"*Early Access Property*. URI to web page providing client policy document.","description_kind":"plain","optional":true},"post_logout_redirect_uris":{"type":["set","string"],"description":"List of URIs for redirection after logout","description_kind":"plain","optional":true},"profile":{"type":"string","description":"Custom JSON that represents an OAuth application's profile","description_kind":"plain","optional":true},"redirect_uris":{"type":["set","string"],"description":"List of URIs for use in the redirect-based flow. This is required for all application types except service. Note: see okta_app_oauth_redirect_uri for appending to this list in a decentralized way.","description_kind":"plain","optional":true},"response_types":{"type":["set","string"],"description":"List of OAuth 2.0 response type strings.","description_kind":"plain","optional":true},"sign_on_mode":{"type":"string","description":"Sign on mode of application.","description_kind":"plain","computed":true},"status":{"type":"string","description":"Status of application.","description_kind":"plain","optional":true},"token_endpoint_auth_method":{"type":"string","description":"Requested authentication method for the token endpoint.","description_kind":"plain","optional":true},"tos_uri":{"type":"string","description":"*Early Access Property*. URI to web page providing client tos (terms of service).","description_kind":"plain","optional":true},"type":{"type":"string","description":"The type of client application.","description_kind":"plain","required":true}},"block_types":{"jwks":{"nesting_mode":"list","block":{"attributes":{"e":{"type":"string","description":"RSA Exponent","description_kind":"plain","optional":true},"kid":{"type":"string","description":"Key ID","description_kind":"plain","required":true},"kty":{"type":"string","description":"Key type","description_kind":"plain","required":true},"n":{"type":"string","description":"RSA Modulus","description_kind":"plain","optional":true}},"description_kind":"plain"}},"users":{"nesting_mode":"set","block":{"attributes":{"id":{"type":"string","description":"User ID.","description_kind":"plain","optional":true},"password":{"type":"string","description":"Password for user application.","description_kind":"plain","optional":true},"scope":{"type":"string","description":"Scope of application user.","description_kind":"plain","computed":true},"username":{"type":"string","description":"Username for user.","description_kind":"plain","optional":true}},"description":"Users associated with the application","description_kind":"plain"}}},"description_kind":"plain"}},"okta_app_oauth_redirect_uri":{"version":0,"block":{"attributes":{"app_id":{"type":"string","description_kind":"plain","required":true},"id":{"type":"string","description_kind":"plain","optional":true,"computed":true},"uri":{"type":"string","description":"Redirect URI to append to Okta OIDC application.","description_kind":"plain","required":true}},"description_kind":"plain"}},"okta_app_saml":{"version":0,"block":{"attributes":{"accessibility_error_redirect_url":{"type":"string","description":"Custom error page URL","description_kind":"plain","optional":true},"accessibility_login_redirect_url":{"type":"string","description":"Custom login page URL","description_kind":"plain","optional":true},"accessibility_self_service":{"type":"bool","description":"Enable self service","description_kind":"plain","optional":true},"app_settings_json":{"type":"string","description":"Application settings in JSON format","description_kind":"plain","optional":true},"assertion_signed":{"type":"bool","description":"Determines whether the SAML assertion is digitally signed","description_kind":"plain","optional":true},"audience":{"type":"string","description":"Audience Restriction","description_kind":"plain","optional":true},"authn_context_class_ref":{"type":"string","description":"Identifies the SAML authentication context class for the assertion’s authentication statement","description_kind":"plain","optional":true},"auto_submit_toolbar":{"type":"bool","description":"Display auto submit toolbar","description_kind":"plain","optional":true},"certificate":{"type":"string","description":"cert from SAML XML metadata payload","description_kind":"plain","computed":true},"default_relay_state":{"type":"string","description":"Identifies a specific application resource in an IDP initiated SSO scenario.","description_kind":"plain","optional":true},"destination":{"type":"string","description":"Identifies the location where the SAML response is intended to be sent inside of the SAML assertion","description_kind":"plain","optional":true},"digest_algorithm":{"type":"string","description":"Determines the digest algorithm used to digitally sign the SAML assertion and response","description_kind":"plain","optional":true},"entity_key":{"type":"string","description":"Entity ID, the ID portion of the entity_url","description_kind":"plain","computed":true},"entity_url":{"type":"string","description":"Entity URL for instance http://www.okta.com/exk1fcia6d6EMsf331d8","description_kind":"plain","computed":true},"features":{"type":["set","string"],"description":"features to enable","description_kind":"plain","optional":true},"groups":{"type":["set","string"],"description":"Groups associated with the application","description_kind":"plain","optional":true},"hide_ios":{"type":"bool","description":"Do not display application icon on mobile app","description_kind":"plain","optional":true},"hide_web":{"type":"bool","description":"Do not display application icon to users","description_kind":"plain","optional":true},"honor_force_authn":{"type":"bool","description":"Prompt user to re-authenticate if SP asks for it","description_kind":"plain","optional":true},"http_post_binding":{"type":"string","description":"urn:oasis:names:tc:SAML:2.0:bindings:HTTP-Post location from the SAML metadata.","description_kind":"plain","computed":true},"http_redirect_binding":{"type":"string","description":"urn:oasis:names:tc:SAML:2.0:bindings:HTTP-Redirect location from the SAML metadata.","description_kind":"plain","computed":true},"id":{"type":"string","description_kind":"plain","optional":true,"computed":true},"idp_issuer":{"type":"string","description":"SAML issuer ID","description_kind":"plain","optional":true},"key_id":{"type":"string","description":"Certificate ID","description_kind":"plain","computed":true},"key_name":{"type":"string","description":"Certificate name. This modulates the rotation of keys. New name == new key.","description_kind":"plain","optional":true},"key_years_valid":{"type":"number","description":"Number of years the certificate is valid.","description_kind":"plain","optional":true},"label":{"type":"string","description":"Pretty name of app.","description_kind":"plain","required":true},"metadata":{"type":"string","description":"SAML xml metadata payload","description_kind":"plain","computed":true},"name":{"type":"string","description":"name of app.","description_kind":"plain","computed":true},"preconfigured_app":{"type":"string","description":"Name of preexisting SAML application. For instance 'slack'","description_kind":"plain","optional":true},"recipient":{"type":"string","description":"The location where the app may present the SAML assertion","description_kind":"plain","optional":true},"request_compressed":{"type":"bool","description":"Denotes whether the request is compressed or not.","description_kind":"plain","optional":true},"response_signed":{"type":"bool","description":"Determines whether the SAML auth response message is digitally signed","description_kind":"plain","optional":true},"sign_on_mode":{"type":"string","description":"Sign on mode of application.","description_kind":"plain","computed":true},"signature_algorithm":{"type":"string","description":"Signature algorithm used ot digitally sign the assertion and response","description_kind":"plain","optional":true},"sp_issuer":{"type":"string","description":"SAML SP issuer ID","description_kind":"plain","optional":true},"sso_url":{"type":"string","description":"Single Sign On URL","description_kind":"plain","optional":true},"status":{"type":"string","description":"Status of application.","description_kind":"plain","optional":true},"subject_name_id_format":{"type":"string","description":"Identifies the SAML processing rules.","description_kind":"plain","optional":true},"subject_name_id_template":{"type":"string","description":"Template for app user's username when a user is assigned to the app","description_kind":"plain","optional":true},"user_name_template":{"type":"string","description":"Username template","description_kind":"plain","optional":true},"user_name_template_suffix":{"type":"string","description":"Username template suffix","description_kind":"plain","optional":true},"user_name_template_type":{"type":"string","description":"Username template type","description_kind":"plain","optional":true}},"block_types":{"attribute_statements":{"nesting_mode":"list","block":{"attributes":{"filter_type":{"type":"string","description":"Type of group attribute filter","description_kind":"plain","optional":true},"filter_value":{"type":"string","description":"Filter value to use","description_kind":"plain","optional":true},"name":{"type":"string","description_kind":"plain","required":true},"namespace":{"type":"string","description_kind":"plain","optional":true},"type":{"type":"string","description_kind":"plain","optional":true},"values":{"type":["list","string"],"description_kind":"plain","optional":true}},"description_kind":"plain"}},"users":{"nesting_mode":"set","block":{"attributes":{"id":{"type":"string","description":"User ID.","description_kind":"plain","optional":true},"password":{"type":"string","description":"Password for user application.","description_kind":"plain","optional":true},"scope":{"type":"string","description":"Scope of application user.","description_kind":"plain","computed":true},"username":{"type":"string","description":"Username for user.","description_kind":"plain","optional":true}},"description":"Users associated with the application","description_kind":"plain"}}},"description_kind":"plain"}},"okta_app_secure_password_store":{"version":0,"block":{"attributes":{"accessibility_error_redirect_url":{"type":"string","description":"Custom error page URL","description_kind":"plain","optional":true},"accessibility_self_service":{"type":"bool","description":"Enable self service","description_kind":"plain","optional":true},"auto_submit_toolbar":{"type":"bool","description":"Display auto submit toolbar","description_kind":"plain","optional":true},"credentials_scheme":{"type":"string","description":"Application credentials scheme","description_kind":"plain","optional":true},"groups":{"type":["set","string"],"description":"Groups associated with the application","description_kind":"plain","optional":true},"hide_ios":{"type":"bool","description":"Do not display application icon on mobile app","description_kind":"plain","optional":true},"hide_web":{"type":"bool","description":"Do not display application icon to users","description_kind":"plain","optional":true},"id":{"type":"string","description_kind":"plain","optional":true,"computed":true},"label":{"type":"string","description":"Pretty name of app.","description_kind":"plain","required":true},"name":{"type":"string","description":"name of app.","description_kind":"plain","computed":true},"optional_field1":{"type":"string","description":"Name of optional param in the login form","description_kind":"plain","optional":true},"optional_field1_value":{"type":"string","description":"Name of optional value in login form","description_kind":"plain","optional":true},"optional_field2":{"type":"string","description":"Name of optional param in the login form","description_kind":"plain","optional":true},"optional_field2_value":{"type":"string","description":"Name of optional value in login form","description_kind":"plain","optional":true},"optional_field3":{"type":"string","description":"Name of optional param in the login form","description_kind":"plain","optional":true},"optional_field3_value":{"type":"string","description":"Name of optional value in login form","description_kind":"plain","optional":true},"password_field":{"type":"string","description":"Login password field","description_kind":"plain","required":true},"reveal_password":{"type":"bool","description":"Allow user to reveal password","description_kind":"plain","optional":true},"shared_password":{"type":"string","description":"Shared password, required for certain schemes.","description_kind":"plain","optional":true},"shared_username":{"type":"string","description":"Shared username, required for certain schemes.","description_kind":"plain","optional":true},"sign_on_mode":{"type":"string","description":"Sign on mode of application.","description_kind":"plain","computed":true},"status":{"type":"string","description":"Status of application.","description_kind":"plain","optional":true},"url":{"type":"string","description":"Login URL","description_kind":"plain","required":true},"user_name_template":{"type":"string","description":"Username template","description_kind":"plain","computed":true},"user_name_template_type":{"type":"string","description":"Username template type","description_kind":"plain","computed":true},"username_field":{"type":"string","description":"Login username field","description_kind":"plain","required":true}},"block_types":{"users":{"nesting_mode":"set","block":{"attributes":{"id":{"type":"string","description":"User ID.","description_kind":"plain","optional":true},"password":{"type":"string","description":"Password for user application.","description_kind":"plain","optional":true},"scope":{"type":"string","description":"Scope of application user.","description_kind":"plain","computed":true},"username":{"type":"string","description":"Username for user.","description_kind":"plain","optional":true}},"description":"Users associated with the application","description_kind":"plain"}}},"description_kind":"plain"}},"okta_app_swa":{"version":0,"block":{"attributes":{"accessibility_error_redirect_url":{"type":"string","description":"Custom error page URL","description_kind":"plain","optional":true},"accessibility_self_service":{"type":"bool","description":"Enable self service","description_kind":"plain","optional":true},"auto_submit_toolbar":{"type":"bool","description":"Display auto submit toolbar","description_kind":"plain","optional":true},"button_field":{"type":"string","description":"Login button field","description_kind":"plain","optional":true},"groups":{"type":["set","string"],"description":"Groups associated with the application","description_kind":"plain","optional":true},"hide_ios":{"type":"bool","description":"Do not display application icon on mobile app","description_kind":"plain","optional":true},"hide_web":{"type":"bool","description":"Do not display application icon to users","description_kind":"plain","optional":true},"id":{"type":"string","description_kind":"plain","optional":true,"computed":true},"label":{"type":"string","description":"Pretty name of app.","description_kind":"plain","required":true},"name":{"type":"string","description":"name of app.","description_kind":"plain","computed":true},"password_field":{"type":"string","description":"Login password field","description_kind":"plain","optional":true},"preconfigured_app":{"type":"string","description":"Preconfigured app name","description_kind":"plain","optional":true},"sign_on_mode":{"type":"string","description":"Sign on mode of application.","description_kind":"plain","computed":true},"status":{"type":"string","description":"Status of application.","description_kind":"plain","optional":true},"url":{"type":"string","description":"Login URL","description_kind":"plain","optional":true},"url_regex":{"type":"string","description":"A regex that further restricts URL to the specified regex","description_kind":"plain","optional":true},"user_name_template":{"type":"string","description":"Username template","description_kind":"plain","computed":true},"user_name_template_type":{"type":"string","description":"Username template type","description_kind":"plain","computed":true},"username_field":{"type":"string","description":"Login username field","description_kind":"plain","optional":true}},"block_types":{"users":{"nesting_mode":"set","block":{"attributes":{"id":{"type":"string","description":"User ID.","description_kind":"plain","optional":true},"password":{"type":"string","description":"Password for user application.","description_kind":"plain","optional":true},"scope":{"type":"string","description":"Scope of application user.","description_kind":"plain","computed":true},"username":{"type":"string","description":"Username for user.","description_kind":"plain","optional":true}},"description":"Users associated with the application","description_kind":"plain"}}},"description_kind":"plain"}},"okta_app_three_field":{"version":0,"block":{"attributes":{"accessibility_error_redirect_url":{"type":"string","description":"Custom error page URL","description_kind":"plain","optional":true},"accessibility_self_service":{"type":"bool","description":"Enable self service","description_kind":"plain","optional":true},"auto_submit_toolbar":{"type":"bool","description":"Display auto submit toolbar","description_kind":"plain","optional":true},"button_selector":{"type":"string","description":"Login button field CSS selector","description_kind":"plain","required":true},"extra_field_selector":{"type":"string","description":"Extra field CSS selector","description_kind":"plain","required":true},"extra_field_value":{"type":"string","description":"Value for extra form field","description_kind":"plain","required":true},"groups":{"type":["set","string"],"description":"Groups associated with the application","description_kind":"plain","optional":true},"hide_ios":{"type":"bool","description":"Do not display application icon on mobile app","description_kind":"plain","optional":true},"hide_web":{"type":"bool","description":"Do not display application icon to users","description_kind":"plain","optional":true},"id":{"type":"string","description_kind":"plain","optional":true,"computed":true},"label":{"type":"string","description":"Pretty name of app.","description_kind":"plain","required":true},"name":{"type":"string","description":"name of app.","description_kind":"plain","computed":true},"password_selector":{"type":"string","description":"Login password field CSS selector","description_kind":"plain","required":true},"sign_on_mode":{"type":"string","description":"Sign on mode of application.","description_kind":"plain","computed":true},"status":{"type":"string","description":"Status of application.","description_kind":"plain","optional":true},"url":{"type":"string","description":"Login URL","description_kind":"plain","required":true},"url_regex":{"type":"string","description":"A regex that further restricts URL to the specified regex","description_kind":"plain","optional":true},"user_name_template":{"type":"string","description":"Username template","description_kind":"plain","computed":true},"user_name_template_type":{"type":"string","description":"Username template type","description_kind":"plain","computed":true},"username_selector":{"type":"string","description":"Login username field CSS selector","description_kind":"plain","required":true}},"block_types":{"users":{"nesting_mode":"set","block":{"attributes":{"id":{"type":"string","description":"User ID.","description_kind":"plain","optional":true},"password":{"type":"string","description":"Password for user application.","description_kind":"plain","optional":true},"scope":{"type":"string","description":"Scope of application user.","description_kind":"plain","computed":true},"username":{"type":"string","description":"Username for user.","description_kind":"plain","optional":true}},"description":"Users associated with the application","description_kind":"plain"}}},"description_kind":"plain"}},"okta_app_user":{"version":0,"block":{"attributes":{"app_id":{"type":"string","description":"App to associate user with","description_kind":"plain","required":true},"id":{"type":"string","description_kind":"plain","optional":true,"computed":true},"password":{"type":"string","description_kind":"plain","optional":true,"sensitive":true},"profile":{"type":"string","description_kind":"plain","optional":true},"user_id":{"type":"string","description":"User associated with the application","description_kind":"plain","required":true},"username":{"type":"string","description_kind":"plain","required":true}},"description_kind":"plain"}},"okta_app_user_base_schema":{"version":0,"block":{"attributes":{"app_id":{"type":"string","description_kind":"plain","required":true},"id":{"type":"string","description_kind":"plain","optional":true,"computed":true},"index":{"type":"string","description":"Subschema unique string identifier","description_kind":"plain","required":true},"master":{"type":"string","description":"SubSchema profile manager, if not set it will inherit its setting.","description_kind":"plain","optional":true},"permissions":{"type":"string","description":"SubSchema permissions: HIDE, READ_ONLY, or READ_WRITE.","description_kind":"plain","optional":true},"required":{"type":"bool","description":"Whether the Subschema is required","description_kind":"plain","optional":true},"title":{"type":"string","description":"Subschema title (display name)","description_kind":"plain","required":true},"type":{"type":"string","description":"Subschema type: string, boolean, number, integer, array, or object","description_kind":"plain","required":true}},"description_kind":"plain"}},"okta_app_user_schema":{"version":0,"block":{"attributes":{"app_id":{"type":"string","description_kind":"plain","required":true},"array_enum":{"type":["list","string"],"description":"Custom Subschema enumerated value of a property of type array.","description_kind":"plain","optional":true},"array_type":{"type":"string","description":"Subschema array type: string, number, integer, reference. Type field must be an array.","description_kind":"plain","optional":true},"description":{"type":"string","description":"Custom Subschema description","description_kind":"plain","optional":true},"enum":{"type":["list","string"],"description":"Custom Subschema enumerated value of the property. see: developer.okta.com/docs/api/resources/schemas#user-profile-schema-property-object","description_kind":"plain","optional":true},"external_name":{"type":"string","description":"Subschema external name","description_kind":"plain","optional":true},"external_namespace":{"type":"string","description":"Subschema external namespace","description_kind":"plain","optional":true},"id":{"type":"string","description_kind":"plain","optional":true,"computed":true},"index":{"type":"string","description":"Subschema unique string identifier","description_kind":"plain","required":true},"master":{"type":"string","description":"SubSchema profile manager, if not set it will inherit its setting.","description_kind":"plain","optional":true},"max_length":{"type":"number","description":"Subschema of type string maximum length","description_kind":"plain","optional":true},"min_length":{"type":"number","description":"Subschema of type string minimum length","description_kind":"plain","optional":true},"permissions":{"type":"string","description":"SubSchema permissions: HIDE, READ_ONLY, or READ_WRITE.","description_kind":"plain","optional":true},"required":{"type":"bool","description":"Whether the Subschema is required","description_kind":"plain","optional":true},"scope":{"type":"string","description_kind":"plain","optional":true},"title":{"type":"string","description":"Subschema title (display name)","description_kind":"plain","required":true},"type":{"type":"string","description":"Subschema type: string, boolean, number, integer, array, or object","description_kind":"plain","required":true},"unique":{"type":"string","description":"Subschema unique restriction","description_kind":"plain","optional":true}},"block_types":{"array_one_of":{"nesting_mode":"list","block":{"attributes":{"const":{"type":"string","description":"Enum value","description_kind":"plain","required":true},"title":{"type":"string","description":"Enum title","description_kind":"plain","required":true}},"description":"array of valid JSON schemas for property type array.","description_kind":"plain"}},"one_of":{"nesting_mode":"list","block":{"attributes":{"const":{"type":"string","description":"Enum value","description_kind":"plain","required":true},"title":{"type":"string","description":"Enum title","description_kind":"plain","required":true}},"description":"Custom Subschema json schemas. see: developer.okta.com/docs/api/resources/schemas#user-profile-schema-property-object","description_kind":"plain"}}},"description_kind":"plain"}},"okta_auth_server":{"version":0,"block":{"attributes":{"audiences":{"type":["set","string"],"description":"Currently Okta only supports a single value here","description_kind":"plain","required":true},"credentials_last_rotated":{"type":"string","description_kind":"plain","computed":true},"credentials_next_rotation":{"type":"string","description_kind":"plain","computed":true},"credentials_rotation_mode":{"type":"string","description":"Credential rotation mode, in many cases you cannot set this to MANUAL, the API will ignore the value and you will get a perpetual diff. This should rarely be used.","description_kind":"plain","optional":true},"description":{"type":"string","description_kind":"plain","optional":true},"id":{"type":"string","description_kind":"plain","optional":true,"computed":true},"issuer":{"type":"string","description":"EA Feature: allows you to use a custom issuer URL","description_kind":"plain","computed":true},"issuer_mode":{"type":"string","description":"EA Feature: allows you to use a custom issuer URL","description_kind":"plain","optional":true},"kid":{"type":"string","description_kind":"plain","computed":true},"name":{"type":"string","description_kind":"plain","required":true},"status":{"type":"string","description_kind":"plain","optional":true}},"description_kind":"plain"}},"okta_auth_server_claim":{"version":0,"block":{"attributes":{"always_include_in_token":{"type":"bool","description_kind":"plain","optional":true},"auth_server_id":{"type":"string","description":"Auth server ID","description_kind":"plain","required":true},"claim_type":{"type":"string","description_kind":"plain","required":true},"group_filter_type":{"type":"string","description":"Required when value_type is GROUPS","description_kind":"plain","optional":true},"id":{"type":"string","description_kind":"plain","optional":true,"computed":true},"name":{"type":"string","description":"Auth server claim name","description_kind":"plain","required":true},"scopes":{"type":["set","string"],"description":"Auth server claim list of scopes","description_kind":"plain","optional":true},"status":{"type":"string","description_kind":"plain","optional":true},"value":{"type":"string","description_kind":"plain","required":true},"value_type":{"type":"string","description_kind":"plain","optional":true}},"description_kind":"plain"}},"okta_auth_server_policy":{"version":0,"block":{"attributes":{"auth_server_id":{"type":"string","description_kind":"plain","required":true},"client_whitelist":{"type":["set","string"],"description":"Use [\"ALL_CLIENTS\"] when unsure.","description_kind":"plain","required":true},"description":{"type":"string","description_kind":"plain","required":true},"id":{"type":"string","description_kind":"plain","optional":true,"computed":true},"name":{"type":"string","description_kind":"plain","required":true},"priority":{"type":"number","description":"Priority of the auth server policy","description_kind":"plain","required":true},"status":{"type":"string","description_kind":"plain","optional":true},"type":{"type":"string","description":"Auth server policy type, unlikely this will be anything other then the default","description_kind":"plain","optional":true}},"description_kind":"plain"}},"okta_auth_server_policy_rule":{"version":0,"block":{"attributes":{"access_token_lifetime_minutes":{"type":"number","description_kind":"plain","optional":true},"auth_server_id":{"type":"string","description":"Auth server ID","description_kind":"plain","required":true},"grant_type_whitelist":{"type":["set","string"],"description":"Accepted grant type values: authorization_code, implicit, password.","description_kind":"plain","required":true},"group_blacklist":{"type":["set","string"],"description_kind":"plain","optional":true},"group_whitelist":{"type":["set","string"],"description_kind":"plain","optional":true},"id":{"type":"string","description_kind":"plain","optional":true,"computed":true},"inline_hook_id":{"type":"string","description_kind":"plain","optional":true},"name":{"type":"string","description":"Auth server policy rule name","description_kind":"plain","required":true},"policy_id":{"type":"string","description":"Auth server policy ID","description_kind":"plain","required":true},"priority":{"type":"number","description":"Priority of the auth server policy rule","description_kind":"plain","required":true},"refresh_token_lifetime_minutes":{"type":"number","description_kind":"plain","optional":true},"refresh_token_window_minutes":{"type":"number","description_kind":"plain","optional":true},"scope_whitelist":{"type":["set","string"],"description_kind":"plain","optional":true},"status":{"type":"string","description_kind":"plain","optional":true},"type":{"type":"string","description":"Auth server policy rule type, unlikely this will be anything other then the default","description_kind":"plain","optional":true},"user_blacklist":{"type":["set","string"],"description_kind":"plain","optional":true},"user_whitelist":{"type":["set","string"],"description_kind":"plain","optional":true}},"description_kind":"plain"}},"okta_auth_server_scope":{"version":0,"block":{"attributes":{"auth_server_id":{"type":"string","description":"Auth server ID","description_kind":"plain","required":true},"consent":{"type":"string","description":"EA Feature and thus it is simply ignored if the feature is off","description_kind":"plain","optional":true},"default":{"type":"bool","description":"A default scope will be returned in an access token when the client omits the scope parameter in a token request, provided this scope is allowed as part of the access policy rule.","description_kind":"plain","optional":true},"description":{"type":"string","description_kind":"plain","optional":true},"id":{"type":"string","description_kind":"plain","optional":true,"computed":true},"metadata_publish":{"type":"string","description":"Whether to publish metadata or not, matching API type despite the fact it could just be a boolean","description_kind":"plain","optional":true},"name":{"type":"string","description":"Auth server scope name","description_kind":"plain","required":true}},"description_kind":"plain"}},"okta_auto_login_app":{"version":0,"block":{"attributes":{"accessibility_error_redirect_url":{"type":"string","description":"Custom error page URL","description_kind":"plain","optional":true},"accessibility_self_service":{"type":"bool","description":"Enable self service","description_kind":"plain","optional":true},"auto_submit_toolbar":{"type":"bool","description":"Display auto submit toolbar","description_kind":"plain","optional":true},"credentials_scheme":{"type":"string","description":"Application credentials scheme","description_kind":"plain","optional":true},"groups":{"type":["set","string"],"description":"Groups associated with the application","description_kind":"plain","optional":true},"hide_ios":{"type":"bool","description":"Do not display application icon on mobile app","description_kind":"plain","optional":true},"hide_web":{"type":"bool","description":"Do not display application icon to users","description_kind":"plain","optional":true},"id":{"type":"string","description_kind":"plain","optional":true,"computed":true},"label":{"type":"string","description":"Pretty name of app.","description_kind":"plain","required":true},"name":{"type":"string","description":"name of app.","description_kind":"plain","computed":true},"preconfigured_app":{"type":"string","description":"Preconfigured app name","description_kind":"plain","optional":true},"reveal_password":{"type":"bool","description":"Allow user to reveal password","description_kind":"plain","optional":true},"shared_password":{"type":"string","description":"Shared password, required for certain schemes.","description_kind":"plain","optional":true},"shared_username":{"type":"string","description":"Shared username, required for certain schemes.","description_kind":"plain","optional":true},"sign_on_mode":{"type":"string","description":"Sign on mode of application.","description_kind":"plain","computed":true},"sign_on_redirect_url":{"type":"string","description":"Post login redirect URL","description_kind":"plain","optional":true},"sign_on_url":{"type":"string","description":"Login URL","description_kind":"plain","optional":true},"status":{"type":"string","description":"Status of application.","description_kind":"plain","optional":true},"user_name_template":{"type":"string","description":"Username template","description_kind":"plain","computed":true},"user_name_template_type":{"type":"string","description":"Username template type","description_kind":"plain","computed":true}},"block_types":{"users":{"nesting_mode":"set","block":{"attributes":{"id":{"type":"string","description":"User ID.","description_kind":"plain","optional":true},"password":{"type":"string","description":"Password for user application.","description_kind":"plain","optional":true},"scope":{"type":"string","description":"Scope of application user.","description_kind":"plain","computed":true},"username":{"type":"string","description":"Username for user.","description_kind":"plain","optional":true}},"description":"Users associated with the application","description_kind":"plain"}}},"description_kind":"plain","deprecated":true}},"okta_bookmark_app":{"version":0,"block":{"attributes":{"auto_submit_toolbar":{"type":"bool","description":"Display auto submit toolbar","description_kind":"plain","optional":true},"groups":{"type":["set","string"],"description":"Groups associated with the application","description_kind":"plain","optional":true},"hide_ios":{"type":"bool","description":"Do not display application icon on mobile app","description_kind":"plain","optional":true},"hide_web":{"type":"bool","description":"Do not display application icon to users","description_kind":"plain","optional":true},"id":{"type":"string","description_kind":"plain","optional":true,"computed":true},"label":{"type":"string","description":"Pretty name of app.","description_kind":"plain","required":true},"name":{"type":"string","description":"name of app.","description_kind":"plain","computed":true},"request_integration":{"type":"bool","description_kind":"plain","optional":true},"sign_on_mode":{"type":"string","description":"Sign on mode of application.","description_kind":"plain","computed":true},"status":{"type":"string","description":"Status of application.","description_kind":"plain","optional":true},"url":{"type":"string","description_kind":"plain","required":true}},"block_types":{"users":{"nesting_mode":"set","block":{"attributes":{"id":{"type":"string","description":"User ID.","description_kind":"plain","optional":true},"password":{"type":"string","description":"Password for user application.","description_kind":"plain","optional":true},"scope":{"type":"string","description":"Scope of application user.","description_kind":"plain","computed":true},"username":{"type":"string","description":"Username for user.","description_kind":"plain","optional":true}},"description":"Users associated with the application","description_kind":"plain"}}},"description_kind":"plain","deprecated":true}},"okta_event_hook":{"version":0,"block":{"attributes":{"auth":{"type":["map","string"],"description_kind":"plain","optional":true},"channel":{"type":["map","string"],"description_kind":"plain","required":true},"events":{"type":["set","string"],"description_kind":"plain","required":true},"id":{"type":"string","description_kind":"plain","optional":true,"computed":true},"name":{"type":"string","description_kind":"plain","required":true},"status":{"type":"string","description_kind":"plain","optional":true}},"block_types":{"headers":{"nesting_mode":"set","block":{"attributes":{"key":{"type":"string","description_kind":"plain","optional":true},"value":{"type":"string","description_kind":"plain","optional":true}},"description_kind":"plain"}}},"description_kind":"plain"}},"okta_factor":{"version":0,"block":{"attributes":{"active":{"type":"bool","description":"Is this provider active?","description_kind":"plain","optional":true},"id":{"type":"string","description_kind":"plain","optional":true,"computed":true},"provider_id":{"type":"string","description":"Factor provider ID","description_kind":"plain","required":true}},"description_kind":"plain"}},"okta_group":{"version":0,"block":{"attributes":{"description":{"type":"string","description":"Group description","description_kind":"plain","optional":true},"id":{"type":"string","description_kind":"plain","optional":true,"computed":true},"name":{"type":"string","description":"Group name","description_kind":"plain","required":true},"users":{"type":["set","string"],"description":"Users associated with the group. This can also be done per user.","description_kind":"plain","optional":true}},"description_kind":"plain"}},"okta_group_roles":{"version":0,"block":{"attributes":{"admin_roles":{"type":["set","string"],"description":"Admin roles associated with the group. This can also be done per user.","description_kind":"plain","optional":true},"group_id":{"type":"string","description":"ID of group to attach admin roles to","description_kind":"plain","required":true},"id":{"type":"string","description_kind":"plain","optional":true,"computed":true}},"description_kind":"plain"}},"okta_group_rule":{"version":0,"block":{"attributes":{"expression_type":{"type":"string","description_kind":"plain","optional":true},"expression_value":{"type":"string","description_kind":"plain","required":true},"group_assignments":{"type":["set","string"],"description_kind":"plain","required":true},"id":{"type":"string","description_kind":"plain","optional":true,"computed":true},"name":{"type":"string","description_kind":"plain","required":true},"status":{"type":"string","description_kind":"plain","optional":true}},"description_kind":"plain"}},"okta_idp":{"version":0,"block":{"attributes":{"account_link_action":{"type":"string","description_kind":"plain","optional":true},"account_link_group_include":{"type":["set","string"],"description_kind":"plain","optional":true},"acs_binding":{"type":"string","description_kind":"plain","required":true},"acs_type":{"type":"string","description_kind":"plain","optional":true},"authorization_binding":{"type":"string","description_kind":"plain","required":true},"authorization_url":{"type":"string","description_kind":"plain","required":true},"client_id":{"type":"string","description_kind":"plain","required":true},"client_secret":{"type":"string","description_kind":"plain","required":true,"sensitive":true},"deprovisioned_action":{"type":"string","description_kind":"plain","optional":true},"groups_action":{"type":"string","description_kind":"plain","optional":true},"groups_assignment":{"type":["set","string"],"description_kind":"plain","optional":true},"groups_attribute":{"type":"string","description_kind":"plain","optional":true},"groups_filter":{"type":["set","string"],"description_kind":"plain","optional":true},"id":{"type":"string","description_kind":"plain","optional":true,"computed":true},"issuer_mode":{"type":"string","description":"Indicates whether Okta uses the original Okta org domain URL, or a custom domain URL","description_kind":"plain","optional":true},"issuer_url":{"type":"string","description_kind":"plain","required":true},"jwks_binding":{"type":"string","description_kind":"plain","required":true},"jwks_url":{"type":"string","description_kind":"plain","required":true},"max_clock_skew":{"type":"number","description_kind":"plain","optional":true},"name":{"type":"string","description":"name of idp","description_kind":"plain","required":true},"profile_master":{"type":"bool","description_kind":"plain","optional":true},"protocol_type":{"type":"string","description_kind":"plain","optional":true},"provisioning_action":{"type":"string","description_kind":"plain","optional":true},"request_signature_algorithm":{"type":"string","description":"algorithm to use to sign requests","description_kind":"plain","optional":true},"request_signature_scope":{"type":"string","description":"algorithm to use to sign response","description_kind":"plain","optional":true},"response_signature_algorithm":{"type":"string","description":"algorithm to use to sign requests","description_kind":"plain","optional":true},"response_signature_scope":{"type":"string","description":"algorithm to use to sign response","description_kind":"plain","optional":true},"scopes":{"type":["set","string"],"description_kind":"plain","required":true},"status":{"type":"string","description_kind":"plain","optional":true},"subject_match_attribute":{"type":"string","description_kind":"plain","optional":true},"subject_match_type":{"type":"string","description_kind":"plain","optional":true},"suspended_action":{"type":"string","description_kind":"plain","optional":true},"token_binding":{"type":"string","description_kind":"plain","required":true},"token_url":{"type":"string","description_kind":"plain","required":true},"type":{"type":"string","description_kind":"plain","computed":true},"user_info_binding":{"type":"string","description_kind":"plain","optional":true},"user_info_url":{"type":"string","description_kind":"plain","optional":true},"username_template":{"type":"string","description_kind":"plain","optional":true}},"description_kind":"plain","deprecated":true}},"okta_idp_oidc":{"version":0,"block":{"attributes":{"account_link_action":{"type":"string","description_kind":"plain","optional":true},"account_link_group_include":{"type":["set","string"],"description_kind":"plain","optional":true},"acs_binding":{"type":"string","description_kind":"plain","required":true},"acs_type":{"type":"string","description_kind":"plain","optional":true},"authorization_binding":{"type":"string","description_kind":"plain","required":true},"authorization_url":{"type":"string","description_kind":"plain","required":true},"client_id":{"type":"string","description_kind":"plain","required":true},"client_secret":{"type":"string","description_kind":"plain","required":true,"sensitive":true},"deprovisioned_action":{"type":"string","description_kind":"plain","optional":true},"groups_action":{"type":"string","description_kind":"plain","optional":true},"groups_assignment":{"type":["set","string"],"description_kind":"plain","optional":true},"groups_attribute":{"type":"string","description_kind":"plain","optional":true},"groups_filter":{"type":["set","string"],"description_kind":"plain","optional":true},"id":{"type":"string","description_kind":"plain","optional":true,"computed":true},"issuer_mode":{"type":"string","description":"Indicates whether Okta uses the original Okta org domain URL, or a custom domain URL","description_kind":"plain","optional":true},"issuer_url":{"type":"string","description_kind":"plain","required":true},"jwks_binding":{"type":"string","description_kind":"plain","required":true},"jwks_url":{"type":"string","description_kind":"plain","required":true},"max_clock_skew":{"type":"number","description_kind":"plain","optional":true},"name":{"type":"string","description":"name of idp","description_kind":"plain","required":true},"profile_master":{"type":"bool","description_kind":"plain","optional":true},"protocol_type":{"type":"string","description_kind":"plain","optional":true},"provisioning_action":{"type":"string","description_kind":"plain","optional":true},"request_signature_algorithm":{"type":"string","description":"algorithm to use to sign requests","description_kind":"plain","optional":true},"request_signature_scope":{"type":"string","description":"algorithm to use to sign response","description_kind":"plain","optional":true},"response_signature_algorithm":{"type":"string","description":"algorithm to use to sign requests","description_kind":"plain","optional":true},"response_signature_scope":{"type":"string","description":"algorithm to use to sign response","description_kind":"plain","optional":true},"scopes":{"type":["set","string"],"description_kind":"plain","required":true},"status":{"type":"string","description_kind":"plain","optional":true},"subject_match_attribute":{"type":"string","description_kind":"plain","optional":true},"subject_match_type":{"type":"string","description_kind":"plain","optional":true},"suspended_action":{"type":"string","description_kind":"plain","optional":true},"token_binding":{"type":"string","description_kind":"plain","required":true},"token_url":{"type":"string","description_kind":"plain","required":true},"type":{"type":"string","description_kind":"plain","computed":true},"user_info_binding":{"type":"string","description_kind":"plain","optional":true},"user_info_url":{"type":"string","description_kind":"plain","optional":true},"username_template":{"type":"string","description_kind":"plain","optional":true}},"description_kind":"plain"}},"okta_idp_saml":{"version":0,"block":{"attributes":{"account_link_action":{"type":"string","description_kind":"plain","optional":true},"account_link_group_include":{"type":["set","string"],"description_kind":"plain","optional":true},"acs_binding":{"type":"string","description_kind":"plain","required":true},"acs_type":{"type":"string","description_kind":"plain","optional":true},"audience":{"type":"string","description_kind":"plain","computed":true},"deprovisioned_action":{"type":"string","description_kind":"plain","optional":true},"groups_action":{"type":"string","description_kind":"plain","optional":true},"groups_assignment":{"type":["set","string"],"description_kind":"plain","optional":true},"groups_attribute":{"type":"string","description_kind":"plain","optional":true},"groups_filter":{"type":["set","string"],"description_kind":"plain","optional":true},"id":{"type":"string","description_kind":"plain","optional":true,"computed":true},"issuer":{"type":"string","description_kind":"plain","required":true},"issuer_mode":{"type":"string","description":"Indicates whether Okta uses the original Okta org domain URL, or a custom domain URL","description_kind":"plain","optional":true},"kid":{"type":"string","description_kind":"plain","required":true},"name":{"type":"string","description":"name of idp","description_kind":"plain","required":true},"name_format":{"type":"string","description_kind":"plain","optional":true},"profile_master":{"type":"bool","description_kind":"plain","optional":true},"provisioning_action":{"type":"string","description_kind":"plain","optional":true},"request_signature_algorithm":{"type":"string","description":"algorithm to use to sign requests","description_kind":"plain","optional":true},"request_signature_scope":{"type":"string","description":"algorithm to use to sign response","description_kind":"plain","optional":true},"response_signature_algorithm":{"type":"string","description":"algorithm to use to sign requests","description_kind":"plain","optional":true},"response_signature_scope":{"type":"string","description":"algorithm to use to sign response","description_kind":"plain","optional":true},"sso_binding":{"type":"string","description_kind":"plain","optional":true},"sso_destination":{"type":"string","description_kind":"plain","optional":true},"sso_url":{"type":"string","description_kind":"plain","required":true},"status":{"type":"string","description_kind":"plain","optional":true},"subject_filter":{"type":"string","description_kind":"plain","optional":true},"subject_format":{"type":["set","string"],"description_kind":"plain","optional":true},"subject_match_attribute":{"type":"string","description_kind":"plain","optional":true},"subject_match_type":{"type":"string","description_kind":"plain","optional":true},"suspended_action":{"type":"string","description_kind":"plain","optional":true},"type":{"type":"string","description_kind":"plain","computed":true},"username_template":{"type":"string","description_kind":"plain","optional":true}},"description_kind":"plain"}},"okta_idp_saml_key":{"version":0,"block":{"attributes":{"created":{"type":"string","description_kind":"plain","computed":true},"expires_at":{"type":"string","description_kind":"plain","computed":true},"id":{"type":"string","description_kind":"plain","optional":true,"computed":true},"kid":{"type":"string","description_kind":"plain","computed":true},"kty":{"type":"string","description_kind":"plain","computed":true},"use":{"type":"string","description_kind":"plain","computed":true},"x5c":{"type":["set","string"],"description":"base64-encoded X.509 certificate chain with DER encoding","description_kind":"plain","required":true},"x5t_s256":{"type":"string","description_kind":"plain","computed":true}},"description_kind":"plain"}},"okta_idp_social":{"version":0,"block":{"attributes":{"account_link_action":{"type":"string","description_kind":"plain","optional":true},"account_link_group_include":{"type":["set","string"],"description_kind":"plain","optional":true},"authorization_binding":{"type":"string","description_kind":"plain","computed":true},"authorization_url":{"type":"string","description_kind":"plain","computed":true},"client_id":{"type":"string","description_kind":"plain","optional":true},"client_secret":{"type":"string","description_kind":"plain","optional":true,"sensitive":true},"deprovisioned_action":{"type":"string","description_kind":"plain","optional":true},"groups_action":{"type":"string","description_kind":"plain","optional":true},"groups_assignment":{"type":["set","string"],"description_kind":"plain","optional":true},"groups_attribute":{"type":"string","description_kind":"plain","optional":true},"groups_filter":{"type":["set","string"],"description_kind":"plain","optional":true},"id":{"type":"string","description_kind":"plain","optional":true,"computed":true},"issuer_mode":{"type":"string","description":"Indicates whether Okta uses the original Okta org domain URL, or a custom domain URL","description_kind":"plain","optional":true},"match_attribute":{"type":"string","description_kind":"plain","deprecated":true,"optional":true},"match_type":{"type":"string","description_kind":"plain","deprecated":true,"optional":true},"max_clock_skew":{"type":"number","description_kind":"plain","optional":true},"name":{"type":"string","description":"name of idp","description_kind":"plain","required":true},"profile_master":{"type":"bool","description_kind":"plain","optional":true},"protocol_type":{"type":"string","description_kind":"plain","optional":true},"provisioning_action":{"type":"string","description_kind":"plain","optional":true},"request_signature_algorithm":{"type":"string","description":"algorithm to use to sign requests","description_kind":"plain","optional":true},"request_signature_scope":{"type":"string","description":"algorithm to use to sign response","description_kind":"plain","optional":true},"response_signature_algorithm":{"type":"string","description":"algorithm to use to sign requests","description_kind":"plain","optional":true},"response_signature_scope":{"type":"string","description":"algorithm to use to sign response","description_kind":"plain","optional":true},"scopes":{"type":["set","string"],"description_kind":"plain","required":true},"status":{"type":"string","description_kind":"plain","optional":true},"subject_match_attribute":{"type":"string","description_kind":"plain","optional":true},"subject_match_type":{"type":"string","description_kind":"plain","optional":true},"suspended_action":{"type":"string","description_kind":"plain","optional":true},"token_binding":{"type":"string","description_kind":"plain","computed":true},"token_url":{"type":"string","description_kind":"plain","computed":true},"type":{"type":"string","description_kind":"plain","required":true},"username_template":{"type":"string","description_kind":"plain","optional":true}},"description_kind":"plain"}},"okta_inline_hook":{"version":0,"block":{"attributes":{"auth":{"type":["map","string"],"description_kind":"plain","optional":true},"channel":{"type":["map","string"],"description_kind":"plain","optional":true},"id":{"type":"string","description_kind":"plain","optional":true,"computed":true},"name":{"type":"string","description_kind":"plain","required":true},"status":{"type":"string","description_kind":"plain","optional":true},"type":{"type":"string","description_kind":"plain","required":true},"version":{"type":"string","description_kind":"plain","required":true}},"block_types":{"headers":{"nesting_mode":"set","block":{"attributes":{"key":{"type":"string","description_kind":"plain","optional":true},"value":{"type":"string","description_kind":"plain","optional":true}},"description_kind":"plain"}}},"description_kind":"plain"}},"okta_mfa_policy":{"version":0,"block":{"attributes":{"description":{"type":"string","description":"Policy Description","description_kind":"plain","optional":true},"duo":{"type":["map","string"],"description_kind":"plain","optional":true},"fido_u2f":{"type":["map","string"],"description_kind":"plain","optional":true},"fido_webauthn":{"type":["map","string"],"description_kind":"plain","optional":true},"google_otp":{"type":["map","string"],"description_kind":"plain","optional":true},"groups_included":{"type":["set","string"],"description":"List of Group IDs to Include","description_kind":"plain","optional":true},"id":{"type":"string","description_kind":"plain","optional":true,"computed":true},"name":{"type":"string","description":"Policy Name","description_kind":"plain","required":true},"okta_call":{"type":["map","string"],"description_kind":"plain","optional":true},"okta_otp":{"type":["map","string"],"description_kind":"plain","optional":true},"okta_password":{"type":["map","string"],"description_kind":"plain","optional":true},"okta_push":{"type":["map","string"],"description_kind":"plain","optional":true},"okta_question":{"type":["map","string"],"description_kind":"plain","optional":true},"okta_sms":{"type":["map","string"],"description_kind":"plain","optional":true},"priority":{"type":"number","description":"Policy Priority, this attribute can be set to a valid priority. To avoid endless diff situation we error if an invalid priority is provided. API defaults it to the last/lowest if not there.","description_kind":"plain","optional":true},"rsa_token":{"type":["map","string"],"description_kind":"plain","optional":true},"status":{"type":"string","description":"Policy Status: ACTIVE or INACTIVE.","description_kind":"plain","optional":true},"symantec_vip":{"type":["map","string"],"description_kind":"plain","optional":true},"yubikey_token":{"type":["map","string"],"description_kind":"plain","optional":true}},"description_kind":"plain","deprecated":true}},"okta_mfa_policy_rule":{"version":0,"block":{"attributes":{"enroll":{"type":"string","description":"Should the user be enrolled the first time they LOGIN, the next time they are CHALLENGEd, or NEVER?","description_kind":"plain","optional":true},"id":{"type":"string","description_kind":"plain","optional":true,"computed":true},"name":{"type":"string","description":"Policy Rule Name","description_kind":"plain","required":true},"network_connection":{"type":"string","description":"Network selection mode: ANYWHERE, ZONE, ON_NETWORK, or OFF_NETWORK.","description_kind":"plain","optional":true},"network_excludes":{"type":["list","string"],"description":"The zones to exclude","description_kind":"plain","optional":true},"network_includes":{"type":["list","string"],"description":"The zones to include","description_kind":"plain","optional":true},"policyid":{"type":"string","description":"Policy ID of the Rule","description_kind":"plain","required":true},"priority":{"type":"number","description":"Policy Rule Priority, this attribute can be set to a valid priority. To avoid endless diff situation we error if an invalid priority is provided. API defaults it to the last/lowest if not there.","description_kind":"plain","optional":true},"status":{"type":"string","description":"Policy Rule Status: ACTIVE or INACTIVE.","description_kind":"plain","optional":true},"users_excluded":{"type":["set","string"],"description":"Set of User IDs to Exclude","description_kind":"plain","optional":true}},"description_kind":"plain","deprecated":true}},"okta_network_zone":{"version":0,"block":{"attributes":{"dynamic_locations":{"type":["set","string"],"description":"Array of locations ISO-3166-1(2). Format code: countryCode OR countryCode-regionCode","description_kind":"plain","optional":true},"gateways":{"type":["set","string"],"description":"Array of values in CIDR/range form depending on the way it's been declared (i.e. CIDR will contain /suffix). Please check API docs for examples","description_kind":"plain","optional":true},"id":{"type":"string","description_kind":"plain","optional":true,"computed":true},"name":{"type":"string","description":"Name of the Network Zone Resource","description_kind":"plain","required":true},"proxies":{"type":["set","string"],"description":"Array of values in CIDR/range form depending on the way it's been declared (i.e. CIDR will contain /suffix). Please check API docs for examples","description_kind":"plain","optional":true},"type":{"type":"string","description":"Type of the Network Zone - can either be IP or DYNAMIC only","description_kind":"plain","required":true}},"description_kind":"plain"}},"okta_oauth_app":{"version":0,"block":{"attributes":{"auto_key_rotation":{"type":"bool","description":"Requested key rotation mode.","description_kind":"plain","optional":true},"auto_submit_toolbar":{"type":"bool","description":"Display auto submit toolbar","description_kind":"plain","optional":true},"client_basic_secret":{"type":"string","description":"OAuth client secret key, this can be set when token_endpoint_auth_method is client_secret_basic.","description_kind":"plain","optional":true,"sensitive":true},"client_id":{"type":"string","description":"OAuth client ID. If set during creation, app is created with this id.","description_kind":"plain","optional":true,"computed":true},"client_secret":{"type":"string","description":"OAuth client secret key. This will be in plain text in your statefile unless you set omit_secret above.","description_kind":"plain","computed":true,"sensitive":true},"client_uri":{"type":"string","description":"URI to a web page providing information about the client.","description_kind":"plain","optional":true},"consent_method":{"type":"string","description":"*Early Access Property*. Indicates whether user consent is required or implicit. Valid values: REQUIRED, TRUSTED. Default value is TRUSTED","description_kind":"plain","optional":true},"custom_client_id":{"type":"string","description":"**Deprecated** This property allows you to set your client_id during creation. NOTE: updating after creation will be a no-op, use client_id for that behavior instead.","description_kind":"plain","deprecated":true,"optional":true},"grant_types":{"type":["set","string"],"description":"List of OAuth 2.0 grant types. Conditional validation params found here https://developer.okta.com/docs/api/resources/apps#credentials-settings-details. Defaults to minimum requirements per app type.","description_kind":"plain","optional":true},"groups":{"type":["set","string"],"description":"Groups associated with the application","description_kind":"plain","optional":true},"hide_ios":{"type":"bool","description":"Do not display application icon on mobile app","description_kind":"plain","optional":true},"hide_web":{"type":"bool","description":"Do not display application icon to users","description_kind":"plain","optional":true},"id":{"type":"string","description_kind":"plain","optional":true,"computed":true},"issuer_mode":{"type":"string","description":"*Early Access Property*. Indicates whether the Okta Authorization Server uses the original Okta org domain URL or a custom domain URL as the issuer of ID token for this client.","description_kind":"plain","optional":true},"label":{"type":"string","description":"Pretty name of app.","description_kind":"plain","required":true},"login_uri":{"type":"string","description":"URI that initiates login.","description_kind":"plain","optional":true},"logo_uri":{"type":"string","description":"URI that references a logo for the client.","description_kind":"plain","optional":true},"name":{"type":"string","description":"name of app.","description_kind":"plain","computed":true},"omit_secret":{"type":"bool","description":"This tells the provider not to persist the application's secret to state. If this is ever changes from true =\u003e false your app will be recreated.","description_kind":"plain","optional":true},"policy_uri":{"type":"string","description":"*Early Access Property*. URI to web page providing client policy document.","description_kind":"plain","optional":true},"post_logout_redirect_uris":{"type":["set","string"],"description":"List of URIs for redirection after logout","description_kind":"plain","optional":true},"profile":{"type":"string","description":"Custom JSON that represents an OAuth application's profile","description_kind":"plain","optional":true},"redirect_uris":{"type":["set","string"],"description":"List of URIs for use in the redirect-based flow. This is required for all application types except service. Note: see okta_app_oauth_redirect_uri for appending to this list in a decentralized way.","description_kind":"plain","optional":true},"response_types":{"type":["set","string"],"description":"List of OAuth 2.0 response type strings.","description_kind":"plain","optional":true},"sign_on_mode":{"type":"string","description":"Sign on mode of application.","description_kind":"plain","computed":true},"status":{"type":"string","description":"Status of application.","description_kind":"plain","optional":true},"token_endpoint_auth_method":{"type":"string","description":"Requested authentication method for the token endpoint.","description_kind":"plain","optional":true},"tos_uri":{"type":"string","description":"*Early Access Property*. URI to web page providing client tos (terms of service).","description_kind":"plain","optional":true},"type":{"type":"string","description":"The type of client application.","description_kind":"plain","required":true}},"block_types":{"jwks":{"nesting_mode":"list","block":{"attributes":{"e":{"type":"string","description":"RSA Exponent","description_kind":"plain","optional":true},"kid":{"type":"string","description":"Key ID","description_kind":"plain","required":true},"kty":{"type":"string","description":"Key type","description_kind":"plain","required":true},"n":{"type":"string","description":"RSA Modulus","description_kind":"plain","optional":true}},"description_kind":"plain"}},"users":{"nesting_mode":"set","block":{"attributes":{"id":{"type":"string","description":"User ID.","description_kind":"plain","optional":true},"password":{"type":"string","description":"Password for user application.","description_kind":"plain","optional":true},"scope":{"type":"string","description":"Scope of application user.","description_kind":"plain","computed":true},"username":{"type":"string","description":"Username for user.","description_kind":"plain","optional":true}},"description":"Users associated with the application","description_kind":"plain"}}},"description_kind":"plain","deprecated":true}},"okta_oauth_app_redirect_uri":{"version":0,"block":{"attributes":{"app_id":{"type":"string","description_kind":"plain","required":true},"id":{"type":"string","description_kind":"plain","optional":true,"computed":true},"uri":{"type":"string","description":"Redirect URI to append to Okta OIDC application.","description_kind":"plain","required":true}},"description_kind":"plain","deprecated":true}},"okta_password_policy":{"version":0,"block":{"attributes":{"auth_provider":{"type":"string","description":"Authentication Provider: OKTA or ACTIVE_DIRECTORY.","description_kind":"plain","optional":true},"description":{"type":"string","description":"Policy Description","description_kind":"plain","optional":true},"email_recovery":{"type":"string","description":"Enable or disable email password recovery: ACTIVE or INACTIVE.","description_kind":"plain","optional":true},"groups_included":{"type":["set","string"],"description":"List of Group IDs to Include","description_kind":"plain","optional":true},"id":{"type":"string","description_kind":"plain","optional":true,"computed":true},"name":{"type":"string","description":"Policy Name","description_kind":"plain","required":true},"password_auto_unlock_minutes":{"type":"number","description":"Number of minutes before a locked account is unlocked: 0 = no limit.","description_kind":"plain","optional":true},"password_dictionary_lookup":{"type":"bool","description":"Check Passwords Against Common Password Dictionary.","description_kind":"plain","optional":true},"password_exclude_first_name":{"type":"bool","description":"User firstName attribute must be excluded from the password","description_kind":"plain","optional":true},"password_exclude_last_name":{"type":"bool","description":"User lastName attribute must be excluded from the password","description_kind":"plain","optional":true},"password_exclude_username":{"type":"bool","description":"If the user name must be excluded from the password.","description_kind":"plain","optional":true},"password_expire_warn_days":{"type":"number","description":"Length in days a user will be warned before password expiry: 0 = no warning.","description_kind":"plain","optional":true},"password_history_count":{"type":"number","description":"Number of distinct passwords that must be created before they can be reused: 0 = none.","description_kind":"plain","optional":true},"password_lockout_notification_channels":{"type":["set","string"],"description":"Notification channels to use to notify a user when their account has been locked.","description_kind":"plain","optional":true},"password_max_age_days":{"type":"number","description":"Length in days a password is valid before expiry: 0 = no limit.","description_kind":"plain","optional":true},"password_max_lockout_attempts":{"type":"number","description":"Number of unsuccessful login attempts allowed before lockout: 0 = no limit.","description_kind":"plain","optional":true},"password_min_age_minutes":{"type":"number","description":"Minimum time interval in minutes between password changes: 0 = no limit.","description_kind":"plain","optional":true},"password_min_length":{"type":"number","description":"Minimum password length.","description_kind":"plain","optional":true},"password_min_lowercase":{"type":"number","description":"If a password must contain at least one lower case letter: 0 = no, 1 = yes. Default = 1","description_kind":"plain","optional":true},"password_min_number":{"type":"number","description":"If a password must contain at least one number: 0 = no, 1 = yes. Default = 1","description_kind":"plain","optional":true},"password_min_symbol":{"type":"number","description":"If a password must contain at least one symbol (!@#$%^\u0026*): 0 = no, 1 = yes. Default = 1","description_kind":"plain","optional":true},"password_min_uppercase":{"type":"number","description":"If a password must contain at least one upper case letter: 0 = no, 1 = yes. Default = 1","description_kind":"plain","optional":true},"password_show_lockout_failures":{"type":"bool","description":"If a user should be informed when their account is locked.","description_kind":"plain","optional":true},"priority":{"type":"number","description":"Policy Priority, this attribute can be set to a valid priority. To avoid endless diff situation we error if an invalid priority is provided. API defaults it to the last/lowest if not there.","description_kind":"plain","optional":true},"question_min_length":{"type":"number","description":"Min length of the password recovery question answer.","description_kind":"plain","optional":true},"question_recovery":{"type":"string","description":"Enable or disable security question password recovery: ACTIVE or INACTIVE.","description_kind":"plain","optional":true},"recovery_email_token":{"type":"number","description":"Lifetime in minutes of the recovery email token.","description_kind":"plain","optional":true},"skip_unlock":{"type":"bool","description":"When an Active Directory user is locked out of Okta, the Okta unlock operation should also attempt to unlock the user's Windows account.","description_kind":"plain","optional":true},"sms_recovery":{"type":"string","description":"Enable or disable SMS password recovery: ACTIVE or INACTIVE.","description_kind":"plain","optional":true},"status":{"type":"string","description":"Policy Status: ACTIVE or INACTIVE.","description_kind":"plain","optional":true}},"description_kind":"plain","deprecated":true}},"okta_password_policy_rule":{"version":0,"block":{"attributes":{"id":{"type":"string","description_kind":"plain","optional":true,"computed":true},"name":{"type":"string","description":"Policy Rule Name","description_kind":"plain","required":true},"network_connection":{"type":"string","description":"Network selection mode: ANYWHERE, ZONE, ON_NETWORK, or OFF_NETWORK.","description_kind":"plain","optional":true},"network_excludes":{"type":["list","string"],"description":"The zones to exclude","description_kind":"plain","optional":true},"network_includes":{"type":["list","string"],"description":"The zones to include","description_kind":"plain","optional":true},"password_change":{"type":"string","description":"Allow or deny a user to change their password: ALLOW or DENY. Default = ALLOW","description_kind":"plain","optional":true},"password_reset":{"type":"string","description":"Allow or deny a user to reset their password: ALLOW or DENY. Default = ALLOW","description_kind":"plain","optional":true},"password_unlock":{"type":"string","description":"Allow or deny a user to unlock. Default = DENY","description_kind":"plain","optional":true},"policyid":{"type":"string","description":"Policy ID of the Rule","description_kind":"plain","required":true},"priority":{"type":"number","description":"Policy Rule Priority, this attribute can be set to a valid priority. To avoid endless diff situation we error if an invalid priority is provided. API defaults it to the last/lowest if not there.","description_kind":"plain","optional":true},"status":{"type":"string","description":"Policy Rule Status: ACTIVE or INACTIVE.","description_kind":"plain","optional":true},"users_excluded":{"type":["set","string"],"description":"Set of User IDs to Exclude","description_kind":"plain","optional":true}},"description_kind":"plain","deprecated":true}},"okta_policy_mfa":{"version":0,"block":{"attributes":{"description":{"type":"string","description":"Policy Description","description_kind":"plain","optional":true},"duo":{"type":["map","string"],"description_kind":"plain","optional":true},"fido_u2f":{"type":["map","string"],"description_kind":"plain","optional":true},"fido_webauthn":{"type":["map","string"],"description_kind":"plain","optional":true},"google_otp":{"type":["map","string"],"description_kind":"plain","optional":true},"groups_included":{"type":["set","string"],"description":"List of Group IDs to Include","description_kind":"plain","optional":true},"id":{"type":"string","description_kind":"plain","optional":true,"computed":true},"name":{"type":"string","description":"Policy Name","description_kind":"plain","required":true},"okta_call":{"type":["map","string"],"description_kind":"plain","optional":true},"okta_otp":{"type":["map","string"],"description_kind":"plain","optional":true},"okta_password":{"type":["map","string"],"description_kind":"plain","optional":true},"okta_push":{"type":["map","string"],"description_kind":"plain","optional":true},"okta_question":{"type":["map","string"],"description_kind":"plain","optional":true},"okta_sms":{"type":["map","string"],"description_kind":"plain","optional":true},"priority":{"type":"number","description":"Policy Priority, this attribute can be set to a valid priority. To avoid endless diff situation we error if an invalid priority is provided. API defaults it to the last/lowest if not there.","description_kind":"plain","optional":true},"rsa_token":{"type":["map","string"],"description_kind":"plain","optional":true},"status":{"type":"string","description":"Policy Status: ACTIVE or INACTIVE.","description_kind":"plain","optional":true},"symantec_vip":{"type":["map","string"],"description_kind":"plain","optional":true},"yubikey_token":{"type":["map","string"],"description_kind":"plain","optional":true}},"description_kind":"plain"}},"okta_policy_password":{"version":0,"block":{"attributes":{"auth_provider":{"type":"string","description":"Authentication Provider: OKTA or ACTIVE_DIRECTORY.","description_kind":"plain","optional":true},"description":{"type":"string","description":"Policy Description","description_kind":"plain","optional":true},"email_recovery":{"type":"string","description":"Enable or disable email password recovery: ACTIVE or INACTIVE.","description_kind":"plain","optional":true},"groups_included":{"type":["set","string"],"description":"List of Group IDs to Include","description_kind":"plain","optional":true},"id":{"type":"string","description_kind":"plain","optional":true,"computed":true},"name":{"type":"string","description":"Policy Name","description_kind":"plain","required":true},"password_auto_unlock_minutes":{"type":"number","description":"Number of minutes before a locked account is unlocked: 0 = no limit.","description_kind":"plain","optional":true},"password_dictionary_lookup":{"type":"bool","description":"Check Passwords Against Common Password Dictionary.","description_kind":"plain","optional":true},"password_exclude_first_name":{"type":"bool","description":"User firstName attribute must be excluded from the password","description_kind":"plain","optional":true},"password_exclude_last_name":{"type":"bool","description":"User lastName attribute must be excluded from the password","description_kind":"plain","optional":true},"password_exclude_username":{"type":"bool","description":"If the user name must be excluded from the password.","description_kind":"plain","optional":true},"password_expire_warn_days":{"type":"number","description":"Length in days a user will be warned before password expiry: 0 = no warning.","description_kind":"plain","optional":true},"password_history_count":{"type":"number","description":"Number of distinct passwords that must be created before they can be reused: 0 = none.","description_kind":"plain","optional":true},"password_lockout_notification_channels":{"type":["set","string"],"description":"Notification channels to use to notify a user when their account has been locked.","description_kind":"plain","optional":true},"password_max_age_days":{"type":"number","description":"Length in days a password is valid before expiry: 0 = no limit.","description_kind":"plain","optional":true},"password_max_lockout_attempts":{"type":"number","description":"Number of unsuccessful login attempts allowed before lockout: 0 = no limit.","description_kind":"plain","optional":true},"password_min_age_minutes":{"type":"number","description":"Minimum time interval in minutes between password changes: 0 = no limit.","description_kind":"plain","optional":true},"password_min_length":{"type":"number","description":"Minimum password length.","description_kind":"plain","optional":true},"password_min_lowercase":{"type":"number","description":"If a password must contain at least one lower case letter: 0 = no, 1 = yes. Default = 1","description_kind":"plain","optional":true},"password_min_number":{"type":"number","description":"If a password must contain at least one number: 0 = no, 1 = yes. Default = 1","description_kind":"plain","optional":true},"password_min_symbol":{"type":"number","description":"If a password must contain at least one symbol (!@#$%^\u0026*): 0 = no, 1 = yes. Default = 1","description_kind":"plain","optional":true},"password_min_uppercase":{"type":"number","description":"If a password must contain at least one upper case letter: 0 = no, 1 = yes. Default = 1","description_kind":"plain","optional":true},"password_show_lockout_failures":{"type":"bool","description":"If a user should be informed when their account is locked.","description_kind":"plain","optional":true},"priority":{"type":"number","description":"Policy Priority, this attribute can be set to a valid priority. To avoid endless diff situation we error if an invalid priority is provided. API defaults it to the last/lowest if not there.","description_kind":"plain","optional":true},"question_min_length":{"type":"number","description":"Min length of the password recovery question answer.","description_kind":"plain","optional":true},"question_recovery":{"type":"string","description":"Enable or disable security question password recovery: ACTIVE or INACTIVE.","description_kind":"plain","optional":true},"recovery_email_token":{"type":"number","description":"Lifetime in minutes of the recovery email token.","description_kind":"plain","optional":true},"skip_unlock":{"type":"bool","description":"When an Active Directory user is locked out of Okta, the Okta unlock operation should also attempt to unlock the user's Windows account.","description_kind":"plain","optional":true},"sms_recovery":{"type":"string","description":"Enable or disable SMS password recovery: ACTIVE or INACTIVE.","description_kind":"plain","optional":true},"status":{"type":"string","description":"Policy Status: ACTIVE or INACTIVE.","description_kind":"plain","optional":true}},"description_kind":"plain"}},"okta_policy_rule_idp_discovery":{"version":0,"block":{"attributes":{"id":{"type":"string","description_kind":"plain","optional":true,"computed":true},"idp_id":{"type":"string","description_kind":"plain","optional":true},"idp_type":{"type":"string","description_kind":"plain","optional":true},"name":{"type":"string","description":"Policy Rule Name","description_kind":"plain","required":true},"network_connection":{"type":"string","description":"Network selection mode: ANYWHERE, ZONE, ON_NETWORK, or OFF_NETWORK.","description_kind":"plain","optional":true},"network_excludes":{"type":["list","string"],"description":"The zones to exclude","description_kind":"plain","optional":true},"network_includes":{"type":["list","string"],"description":"The zones to include","description_kind":"plain","optional":true},"policyid":{"type":"string","description":"Policy ID of the Rule","description_kind":"plain","required":true},"priority":{"type":"number","description":"Policy Rule Priority, this attribute can be set to a valid priority. To avoid endless diff situation we error if an invalid priority is provided. API defaults it to the last/lowest if not there.","description_kind":"plain","optional":true},"status":{"type":"string","description":"Policy Rule Status: ACTIVE or INACTIVE.","description_kind":"plain","optional":true},"user_identifier_attribute":{"type":"string","description_kind":"plain","optional":true},"user_identifier_type":{"type":"string","description_kind":"plain","optional":true}},"block_types":{"app_exclude":{"nesting_mode":"set","block":{"attributes":{"id":{"type":"string","description_kind":"plain","optional":true},"name":{"type":"string","description_kind":"plain","optional":true},"type":{"type":"string","description_kind":"plain","optional":true}},"description":"Applications to exclude in discovery rule","description_kind":"plain"}},"app_include":{"nesting_mode":"set","block":{"attributes":{"id":{"type":"string","description_kind":"plain","optional":true},"name":{"type":"string","description_kind":"plain","optional":true},"type":{"type":"string","description_kind":"plain","optional":true}},"description":"Applications to include in discovery rule","description_kind":"plain"}},"platform_include":{"nesting_mode":"set","block":{"attributes":{"os_expression":{"type":"string","description":"Only available with OTHER OS type","description_kind":"plain","optional":true},"os_type":{"type":"string","description_kind":"plain","optional":true},"type":{"type":"string","description_kind":"plain","optional":true}},"description_kind":"plain"}},"user_identifier_patterns":{"nesting_mode":"set","block":{"attributes":{"match_type":{"type":"string","description_kind":"plain","optional":true},"value":{"type":"string","description_kind":"plain","optional":true}},"description_kind":"plain"}}},"description_kind":"plain"}},"okta_policy_rule_mfa":{"version":0,"block":{"attributes":{"enroll":{"type":"string","description":"Should the user be enrolled the first time they LOGIN, the next time they are CHALLENGEd, or NEVER?","description_kind":"plain","optional":true},"id":{"type":"string","description_kind":"plain","optional":true,"computed":true},"name":{"type":"string","description":"Policy Rule Name","description_kind":"plain","required":true},"network_connection":{"type":"string","description":"Network selection mode: ANYWHERE, ZONE, ON_NETWORK, or OFF_NETWORK.","description_kind":"plain","optional":true},"network_excludes":{"type":["list","string"],"description":"The zones to exclude","description_kind":"plain","optional":true},"network_includes":{"type":["list","string"],"description":"The zones to include","description_kind":"plain","optional":true},"policyid":{"type":"string","description":"Policy ID of the Rule","description_kind":"plain","required":true},"priority":{"type":"number","description":"Policy Rule Priority, this attribute can be set to a valid priority. To avoid endless diff situation we error if an invalid priority is provided. API defaults it to the last/lowest if not there.","description_kind":"plain","optional":true},"status":{"type":"string","description":"Policy Rule Status: ACTIVE or INACTIVE.","description_kind":"plain","optional":true},"users_excluded":{"type":["set","string"],"description":"Set of User IDs to Exclude","description_kind":"plain","optional":true}},"description_kind":"plain"}},"okta_policy_rule_password":{"version":0,"block":{"attributes":{"id":{"type":"string","description_kind":"plain","optional":true,"computed":true},"name":{"type":"string","description":"Policy Rule Name","description_kind":"plain","required":true},"network_connection":{"type":"string","description":"Network selection mode: ANYWHERE, ZONE, ON_NETWORK, or OFF_NETWORK.","description_kind":"plain","optional":true},"network_excludes":{"type":["list","string"],"description":"The zones to exclude","description_kind":"plain","optional":true},"network_includes":{"type":["list","string"],"description":"The zones to include","description_kind":"plain","optional":true},"password_change":{"type":"string","description":"Allow or deny a user to change their password: ALLOW or DENY. Default = ALLOW","description_kind":"plain","optional":true},"password_reset":{"type":"string","description":"Allow or deny a user to reset their password: ALLOW or DENY. Default = ALLOW","description_kind":"plain","optional":true},"password_unlock":{"type":"string","description":"Allow or deny a user to unlock. Default = DENY","description_kind":"plain","optional":true},"policyid":{"type":"string","description":"Policy ID of the Rule","description_kind":"plain","required":true},"priority":{"type":"number","description":"Policy Rule Priority, this attribute can be set to a valid priority. To avoid endless diff situation we error if an invalid priority is provided. API defaults it to the last/lowest if not there.","description_kind":"plain","optional":true},"status":{"type":"string","description":"Policy Rule Status: ACTIVE or INACTIVE.","description_kind":"plain","optional":true},"users_excluded":{"type":["set","string"],"description":"Set of User IDs to Exclude","description_kind":"plain","optional":true}},"description_kind":"plain"}},"okta_policy_rule_signon":{"version":0,"block":{"attributes":{"access":{"type":"string","description":"Allow or deny access based on the rule conditions: ALLOW or DENY.","description_kind":"plain","optional":true},"authtype":{"type":"string","description":"Authentication entrypoint: ANY or RADIUS.","description_kind":"plain","optional":true},"id":{"type":"string","description_kind":"plain","optional":true,"computed":true},"mfa_lifetime":{"type":"number","description":"Elapsed time before the next MFA challenge","description_kind":"plain","optional":true},"mfa_prompt":{"type":"string","description":"Prompt for MFA based on the device used, a factor session lifetime, or every sign on attempt: DEVICE, SESSION or ALWAYS","description_kind":"plain","optional":true},"mfa_remember_device":{"type":"bool","description":"Remember MFA device.","description_kind":"plain","optional":true},"mfa_required":{"type":"bool","description":"Require MFA.","description_kind":"plain","optional":true},"name":{"type":"string","description":"Policy Rule Name","description_kind":"plain","required":true},"network_connection":{"type":"string","description":"Network selection mode: ANYWHERE, ZONE, ON_NETWORK, or OFF_NETWORK.","description_kind":"plain","optional":true},"network_excludes":{"type":["list","string"],"description":"The zones to exclude","description_kind":"plain","optional":true},"network_includes":{"type":["list","string"],"description":"The zones to include","description_kind":"plain","optional":true},"policyid":{"type":"string","description":"Policy ID of the Rule","description_kind":"plain","required":true},"priority":{"type":"number","description":"Policy Rule Priority, this attribute can be set to a valid priority. To avoid endless diff situation we error if an invalid priority is provided. API defaults it to the last/lowest if not there.","description_kind":"plain","optional":true},"session_idle":{"type":"number","description":"Max minutes a session can be idle.","description_kind":"plain","optional":true},"session_lifetime":{"type":"number","description":"Max minutes a session is active: Disable = 0.","description_kind":"plain","optional":true},"session_persistent":{"type":"bool","description":"Whether session cookies will last across browser sessions. Okta Administrators can never have persistent session cookies.","description_kind":"plain","optional":true},"status":{"type":"string","description":"Policy Rule Status: ACTIVE or INACTIVE.","description_kind":"plain","optional":true},"users_excluded":{"type":["set","string"],"description":"Set of User IDs to Exclude","description_kind":"plain","optional":true}},"description_kind":"plain"}},"okta_policy_signon":{"version":0,"block":{"attributes":{"description":{"type":"string","description":"Policy Description","description_kind":"plain","optional":true},"groups_included":{"type":["set","string"],"description":"List of Group IDs to Include","description_kind":"plain","optional":true},"id":{"type":"string","description_kind":"plain","optional":true,"computed":true},"name":{"type":"string","description":"Policy Name","description_kind":"plain","required":true},"priority":{"type":"number","description":"Policy Priority, this attribute can be set to a valid priority. To avoid endless diff situation we error if an invalid priority is provided. API defaults it to the last/lowest if not there.","description_kind":"plain","optional":true},"status":{"type":"string","description":"Policy Status: ACTIVE or INACTIVE.","description_kind":"plain","optional":true}},"description_kind":"plain"}},"okta_profile_mapping":{"version":0,"block":{"attributes":{"delete_when_absent":{"type":"bool","description":"When turned on this flag will trigger the provider to delete mapping properties that are not defined in config. By default, we do not delete missing properties.","description_kind":"plain","optional":true},"id":{"type":"string","description_kind":"plain","optional":true,"computed":true},"source_id":{"type":"string","description":"The source id of the mapping to manage.","description_kind":"plain","required":true},"source_name":{"type":"string","description_kind":"plain","computed":true},"source_type":{"type":"string","description_kind":"plain","computed":true},"target_id":{"type":"string","description":"The target id of the mapping to manage.","description_kind":"plain","required":true},"target_name":{"type":"string","description_kind":"plain","computed":true},"target_type":{"type":"string","description_kind":"plain","computed":true}},"block_types":{"mappings":{"nesting_mode":"set","block":{"attributes":{"expression":{"type":"string","description_kind":"plain","required":true},"id":{"type":"string","description":"The mapping property key.","description_kind":"plain","required":true},"push_status":{"type":"string","description_kind":"plain","optional":true}},"description_kind":"plain"}}},"description_kind":"plain"}},"okta_saml_app":{"version":0,"block":{"attributes":{"accessibility_error_redirect_url":{"type":"string","description":"Custom error page URL","description_kind":"plain","optional":true},"accessibility_login_redirect_url":{"type":"string","description":"Custom login page URL","description_kind":"plain","optional":true},"accessibility_self_service":{"type":"bool","description":"Enable self service","description_kind":"plain","optional":true},"app_settings_json":{"type":"string","description":"Application settings in JSON format","description_kind":"plain","optional":true},"assertion_signed":{"type":"bool","description":"Determines whether the SAML assertion is digitally signed","description_kind":"plain","optional":true},"audience":{"type":"string","description":"Audience Restriction","description_kind":"plain","optional":true},"authn_context_class_ref":{"type":"string","description":"Identifies the SAML authentication context class for the assertion’s authentication statement","description_kind":"plain","optional":true},"auto_submit_toolbar":{"type":"bool","description":"Display auto submit toolbar","description_kind":"plain","optional":true},"certificate":{"type":"string","description":"cert from SAML XML metadata payload","description_kind":"plain","computed":true},"default_relay_state":{"type":"string","description":"Identifies a specific application resource in an IDP initiated SSO scenario.","description_kind":"plain","optional":true},"destination":{"type":"string","description":"Identifies the location where the SAML response is intended to be sent inside of the SAML assertion","description_kind":"plain","optional":true},"digest_algorithm":{"type":"string","description":"Determines the digest algorithm used to digitally sign the SAML assertion and response","description_kind":"plain","optional":true},"entity_key":{"type":"string","description":"Entity ID, the ID portion of the entity_url","description_kind":"plain","computed":true},"entity_url":{"type":"string","description":"Entity URL for instance http://www.okta.com/exk1fcia6d6EMsf331d8","description_kind":"plain","computed":true},"features":{"type":["set","string"],"description":"features to enable","description_kind":"plain","optional":true},"groups":{"type":["set","string"],"description":"Groups associated with the application","description_kind":"plain","optional":true},"hide_ios":{"type":"bool","description":"Do not display application icon on mobile app","description_kind":"plain","optional":true},"hide_web":{"type":"bool","description":"Do not display application icon to users","description_kind":"plain","optional":true},"honor_force_authn":{"type":"bool","description":"Prompt user to re-authenticate if SP asks for it","description_kind":"plain","optional":true},"http_post_binding":{"type":"string","description":"urn:oasis:names:tc:SAML:2.0:bindings:HTTP-Post location from the SAML metadata.","description_kind":"plain","computed":true},"http_redirect_binding":{"type":"string","description":"urn:oasis:names:tc:SAML:2.0:bindings:HTTP-Redirect location from the SAML metadata.","description_kind":"plain","computed":true},"id":{"type":"string","description_kind":"plain","optional":true,"computed":true},"idp_issuer":{"type":"string","description":"SAML issuer ID","description_kind":"plain","optional":true},"key_id":{"type":"string","description":"Certificate ID","description_kind":"plain","computed":true},"key_name":{"type":"string","description":"Certificate name. This modulates the rotation of keys. New name == new key.","description_kind":"plain","optional":true},"key_years_valid":{"type":"number","description":"Number of years the certificate is valid.","description_kind":"plain","optional":true},"label":{"type":"string","description":"Pretty name of app.","description_kind":"plain","required":true},"metadata":{"type":"string","description":"SAML xml metadata payload","description_kind":"plain","computed":true},"name":{"type":"string","description":"name of app.","description_kind":"plain","computed":true},"preconfigured_app":{"type":"string","description":"Name of preexisting SAML application. For instance 'slack'","description_kind":"plain","optional":true},"recipient":{"type":"string","description":"The location where the app may present the SAML assertion","description_kind":"plain","optional":true},"request_compressed":{"type":"bool","description":"Denotes whether the request is compressed or not.","description_kind":"plain","optional":true},"response_signed":{"type":"bool","description":"Determines whether the SAML auth response message is digitally signed","description_kind":"plain","optional":true},"sign_on_mode":{"type":"string","description":"Sign on mode of application.","description_kind":"plain","computed":true},"signature_algorithm":{"type":"string","description":"Signature algorithm used ot digitally sign the assertion and response","description_kind":"plain","optional":true},"sp_issuer":{"type":"string","description":"SAML SP issuer ID","description_kind":"plain","optional":true},"sso_url":{"type":"string","description":"Single Sign On URL","description_kind":"plain","optional":true},"status":{"type":"string","description":"Status of application.","description_kind":"plain","optional":true},"subject_name_id_format":{"type":"string","description":"Identifies the SAML processing rules.","description_kind":"plain","optional":true},"subject_name_id_template":{"type":"string","description":"Template for app user's username when a user is assigned to the app","description_kind":"plain","optional":true},"user_name_template":{"type":"string","description":"Username template","description_kind":"plain","optional":true},"user_name_template_suffix":{"type":"string","description":"Username template suffix","description_kind":"plain","optional":true},"user_name_template_type":{"type":"string","description":"Username template type","description_kind":"plain","optional":true}},"block_types":{"attribute_statements":{"nesting_mode":"list","block":{"attributes":{"filter_type":{"type":"string","description":"Type of group attribute filter","description_kind":"plain","optional":true},"filter_value":{"type":"string","description":"Filter value to use","description_kind":"plain","optional":true},"name":{"type":"string","description_kind":"plain","required":true},"namespace":{"type":"string","description_kind":"plain","optional":true},"type":{"type":"string","description_kind":"plain","optional":true},"values":{"type":["list","string"],"description_kind":"plain","optional":true}},"description_kind":"plain"}},"users":{"nesting_mode":"set","block":{"attributes":{"id":{"type":"string","description":"User ID.","description_kind":"plain","optional":true},"password":{"type":"string","description":"Password for user application.","description_kind":"plain","optional":true},"scope":{"type":"string","description":"Scope of application user.","description_kind":"plain","computed":true},"username":{"type":"string","description":"Username for user.","description_kind":"plain","optional":true}},"description":"Users associated with the application","description_kind":"plain"}}},"description_kind":"plain","deprecated":true}},"okta_saml_idp":{"version":0,"block":{"attributes":{"account_link_action":{"type":"string","description_kind":"plain","optional":true},"account_link_group_include":{"type":["set","string"],"description_kind":"plain","optional":true},"acs_binding":{"type":"string","description_kind":"plain","required":true},"acs_type":{"type":"string","description_kind":"plain","optional":true},"audience":{"type":"string","description_kind":"plain","computed":true},"deprovisioned_action":{"type":"string","description_kind":"plain","optional":true},"groups_action":{"type":"string","description_kind":"plain","optional":true},"groups_assignment":{"type":["set","string"],"description_kind":"plain","optional":true},"groups_attribute":{"type":"string","description_kind":"plain","optional":true},"groups_filter":{"type":["set","string"],"description_kind":"plain","optional":true},"id":{"type":"string","description_kind":"plain","optional":true,"computed":true},"issuer":{"type":"string","description_kind":"plain","required":true},"issuer_mode":{"type":"string","description":"Indicates whether Okta uses the original Okta org domain URL, or a custom domain URL","description_kind":"plain","optional":true},"kid":{"type":"string","description_kind":"plain","required":true},"name":{"type":"string","description":"name of idp","description_kind":"plain","required":true},"name_format":{"type":"string","description_kind":"plain","optional":true},"profile_master":{"type":"bool","description_kind":"plain","optional":true},"provisioning_action":{"type":"string","description_kind":"plain","optional":true},"request_signature_algorithm":{"type":"string","description":"algorithm to use to sign requests","description_kind":"plain","optional":true},"request_signature_scope":{"type":"string","description":"algorithm to use to sign response","description_kind":"plain","optional":true},"response_signature_algorithm":{"type":"string","description":"algorithm to use to sign requests","description_kind":"plain","optional":true},"response_signature_scope":{"type":"string","description":"algorithm to use to sign response","description_kind":"plain","optional":true},"sso_binding":{"type":"string","description_kind":"plain","optional":true},"sso_destination":{"type":"string","description_kind":"plain","optional":true},"sso_url":{"type":"string","description_kind":"plain","required":true},"status":{"type":"string","description_kind":"plain","optional":true},"subject_filter":{"type":"string","description_kind":"plain","optional":true},"subject_format":{"type":["set","string"],"description_kind":"plain","optional":true},"subject_match_attribute":{"type":"string","description_kind":"plain","optional":true},"subject_match_type":{"type":"string","description_kind":"plain","optional":true},"suspended_action":{"type":"string","description_kind":"plain","optional":true},"type":{"type":"string","description_kind":"plain","computed":true},"username_template":{"type":"string","description_kind":"plain","optional":true}},"description_kind":"plain","deprecated":true}},"okta_saml_idp_signing_key":{"version":0,"block":{"attributes":{"created":{"type":"string","description_kind":"plain","computed":true},"expires_at":{"type":"string","description_kind":"plain","computed":true},"id":{"type":"string","description_kind":"plain","optional":true,"computed":true},"kid":{"type":"string","description_kind":"plain","computed":true},"kty":{"type":"string","description_kind":"plain","computed":true},"use":{"type":"string","description_kind":"plain","computed":true},"x5c":{"type":["set","string"],"description":"base64-encoded X.509 certificate chain with DER encoding","description_kind":"plain","required":true},"x5t_s256":{"type":"string","description_kind":"plain","computed":true}},"description_kind":"plain","deprecated":true}},"okta_secure_password_store_app":{"version":0,"block":{"attributes":{"accessibility_error_redirect_url":{"type":"string","description":"Custom error page URL","description_kind":"plain","optional":true},"accessibility_self_service":{"type":"bool","description":"Enable self service","description_kind":"plain","optional":true},"auto_submit_toolbar":{"type":"bool","description":"Display auto submit toolbar","description_kind":"plain","optional":true},"credentials_scheme":{"type":"string","description":"Application credentials scheme","description_kind":"plain","optional":true},"groups":{"type":["set","string"],"description":"Groups associated with the application","description_kind":"plain","optional":true},"hide_ios":{"type":"bool","description":"Do not display application icon on mobile app","description_kind":"plain","optional":true},"hide_web":{"type":"bool","description":"Do not display application icon to users","description_kind":"plain","optional":true},"id":{"type":"string","description_kind":"plain","optional":true,"computed":true},"label":{"type":"string","description":"Pretty name of app.","description_kind":"plain","required":true},"name":{"type":"string","description":"name of app.","description_kind":"plain","computed":true},"optional_field1":{"type":"string","description":"Name of optional param in the login form","description_kind":"plain","optional":true},"optional_field1_value":{"type":"string","description":"Name of optional value in login form","description_kind":"plain","optional":true},"optional_field2":{"type":"string","description":"Name of optional param in the login form","description_kind":"plain","optional":true},"optional_field2_value":{"type":"string","description":"Name of optional value in login form","description_kind":"plain","optional":true},"optional_field3":{"type":"string","description":"Name of optional param in the login form","description_kind":"plain","optional":true},"optional_field3_value":{"type":"string","description":"Name of optional value in login form","description_kind":"plain","optional":true},"password_field":{"type":"string","description":"Login password field","description_kind":"plain","required":true},"reveal_password":{"type":"bool","description":"Allow user to reveal password","description_kind":"plain","optional":true},"shared_password":{"type":"string","description":"Shared password, required for certain schemes.","description_kind":"plain","optional":true},"shared_username":{"type":"string","description":"Shared username, required for certain schemes.","description_kind":"plain","optional":true},"sign_on_mode":{"type":"string","description":"Sign on mode of application.","description_kind":"plain","computed":true},"status":{"type":"string","description":"Status of application.","description_kind":"plain","optional":true},"url":{"type":"string","description":"Login URL","description_kind":"plain","required":true},"user_name_template":{"type":"string","description":"Username template","description_kind":"plain","computed":true},"user_name_template_type":{"type":"string","description":"Username template type","description_kind":"plain","computed":true},"username_field":{"type":"string","description":"Login username field","description_kind":"plain","required":true}},"block_types":{"users":{"nesting_mode":"set","block":{"attributes":{"id":{"type":"string","description":"User ID.","description_kind":"plain","optional":true},"password":{"type":"string","description":"Password for user application.","description_kind":"plain","optional":true},"scope":{"type":"string","description":"Scope of application user.","description_kind":"plain","computed":true},"username":{"type":"string","description":"Username for user.","description_kind":"plain","optional":true}},"description":"Users associated with the application","description_kind":"plain"}}},"description_kind":"plain","deprecated":true}},"okta_signon_policy":{"version":0,"block":{"attributes":{"description":{"type":"string","description":"Policy Description","description_kind":"plain","optional":true},"groups_included":{"type":["set","string"],"description":"List of Group IDs to Include","description_kind":"plain","optional":true},"id":{"type":"string","description_kind":"plain","optional":true,"computed":true},"name":{"type":"string","description":"Policy Name","description_kind":"plain","required":true},"priority":{"type":"number","description":"Policy Priority, this attribute can be set to a valid priority. To avoid endless diff situation we error if an invalid priority is provided. API defaults it to the last/lowest if not there.","description_kind":"plain","optional":true},"status":{"type":"string","description":"Policy Status: ACTIVE or INACTIVE.","description_kind":"plain","optional":true}},"description_kind":"plain","deprecated":true}},"okta_signon_policy_rule":{"version":0,"block":{"attributes":{"access":{"type":"string","description":"Allow or deny access based on the rule conditions: ALLOW or DENY.","description_kind":"plain","optional":true},"authtype":{"type":"string","description":"Authentication entrypoint: ANY or RADIUS.","description_kind":"plain","optional":true},"id":{"type":"string","description_kind":"plain","optional":true,"computed":true},"mfa_lifetime":{"type":"number","description":"Elapsed time before the next MFA challenge","description_kind":"plain","optional":true},"mfa_prompt":{"type":"string","description":"Prompt for MFA based on the device used, a factor session lifetime, or every sign on attempt: DEVICE, SESSION or ALWAYS","description_kind":"plain","optional":true},"mfa_remember_device":{"type":"bool","description":"Remember MFA device.","description_kind":"plain","optional":true},"mfa_required":{"type":"bool","description":"Require MFA.","description_kind":"plain","optional":true},"name":{"type":"string","description":"Policy Rule Name","description_kind":"plain","required":true},"network_connection":{"type":"string","description":"Network selection mode: ANYWHERE, ZONE, ON_NETWORK, or OFF_NETWORK.","description_kind":"plain","optional":true},"network_excludes":{"type":["list","string"],"description":"The zones to exclude","description_kind":"plain","optional":true},"network_includes":{"type":["list","string"],"description":"The zones to include","description_kind":"plain","optional":true},"policyid":{"type":"string","description":"Policy ID of the Rule","description_kind":"plain","required":true},"priority":{"type":"number","description":"Policy Rule Priority, this attribute can be set to a valid priority. To avoid endless diff situation we error if an invalid priority is provided. API defaults it to the last/lowest if not there.","description_kind":"plain","optional":true},"session_idle":{"type":"number","description":"Max minutes a session can be idle.","description_kind":"plain","optional":true},"session_lifetime":{"type":"number","description":"Max minutes a session is active: Disable = 0.","description_kind":"plain","optional":true},"session_persistent":{"type":"bool","description":"Whether session cookies will last across browser sessions. Okta Administrators can never have persistent session cookies.","description_kind":"plain","optional":true},"status":{"type":"string","description":"Policy Rule Status: ACTIVE or INACTIVE.","description_kind":"plain","optional":true},"users_excluded":{"type":["set","string"],"description":"Set of User IDs to Exclude","description_kind":"plain","optional":true}},"description_kind":"plain","deprecated":true}},"okta_social_idp":{"version":0,"block":{"attributes":{"account_link_action":{"type":"string","description_kind":"plain","optional":true},"account_link_group_include":{"type":["set","string"],"description_kind":"plain","optional":true},"authorization_binding":{"type":"string","description_kind":"plain","computed":true},"authorization_url":{"type":"string","description_kind":"plain","computed":true},"client_id":{"type":"string","description_kind":"plain","optional":true},"client_secret":{"type":"string","description_kind":"plain","optional":true,"sensitive":true},"deprovisioned_action":{"type":"string","description_kind":"plain","optional":true},"groups_action":{"type":"string","description_kind":"plain","optional":true},"groups_assignment":{"type":["set","string"],"description_kind":"plain","optional":true},"groups_attribute":{"type":"string","description_kind":"plain","optional":true},"groups_filter":{"type":["set","string"],"description_kind":"plain","optional":true},"id":{"type":"string","description_kind":"plain","optional":true,"computed":true},"issuer_mode":{"type":"string","description":"Indicates whether Okta uses the original Okta org domain URL, or a custom domain URL","description_kind":"plain","optional":true},"match_attribute":{"type":"string","description_kind":"plain","deprecated":true,"optional":true},"match_type":{"type":"string","description_kind":"plain","deprecated":true,"optional":true},"max_clock_skew":{"type":"number","description_kind":"plain","optional":true},"name":{"type":"string","description":"name of idp","description_kind":"plain","required":true},"profile_master":{"type":"bool","description_kind":"plain","optional":true},"protocol_type":{"type":"string","description_kind":"plain","optional":true},"provisioning_action":{"type":"string","description_kind":"plain","optional":true},"request_signature_algorithm":{"type":"string","description":"algorithm to use to sign requests","description_kind":"plain","optional":true},"request_signature_scope":{"type":"string","description":"algorithm to use to sign response","description_kind":"plain","optional":true},"response_signature_algorithm":{"type":"string","description":"algorithm to use to sign requests","description_kind":"plain","optional":true},"response_signature_scope":{"type":"string","description":"algorithm to use to sign response","description_kind":"plain","optional":true},"scopes":{"type":["set","string"],"description_kind":"plain","required":true},"status":{"type":"string","description_kind":"plain","optional":true},"subject_match_attribute":{"type":"string","description_kind":"plain","optional":true},"subject_match_type":{"type":"string","description_kind":"plain","optional":true},"suspended_action":{"type":"string","description_kind":"plain","optional":true},"token_binding":{"type":"string","description_kind":"plain","computed":true},"token_url":{"type":"string","description_kind":"plain","computed":true},"type":{"type":"string","description_kind":"plain","required":true},"username_template":{"type":"string","description_kind":"plain","optional":true}},"description_kind":"plain","deprecated":true}},"okta_swa_app":{"version":0,"block":{"attributes":{"accessibility_error_redirect_url":{"type":"string","description":"Custom error page URL","description_kind":"plain","optional":true},"accessibility_self_service":{"type":"bool","description":"Enable self service","description_kind":"plain","optional":true},"auto_submit_toolbar":{"type":"bool","description":"Display auto submit toolbar","description_kind":"plain","optional":true},"button_field":{"type":"string","description":"Login button field","description_kind":"plain","optional":true},"groups":{"type":["set","string"],"description":"Groups associated with the application","description_kind":"plain","optional":true},"hide_ios":{"type":"bool","description":"Do not display application icon on mobile app","description_kind":"plain","optional":true},"hide_web":{"type":"bool","description":"Do not display application icon to users","description_kind":"plain","optional":true},"id":{"type":"string","description_kind":"plain","optional":true,"computed":true},"label":{"type":"string","description":"Pretty name of app.","description_kind":"plain","required":true},"name":{"type":"string","description":"name of app.","description_kind":"plain","computed":true},"password_field":{"type":"string","description":"Login password field","description_kind":"plain","optional":true},"preconfigured_app":{"type":"string","description":"Preconfigured app name","description_kind":"plain","optional":true},"sign_on_mode":{"type":"string","description":"Sign on mode of application.","description_kind":"plain","computed":true},"status":{"type":"string","description":"Status of application.","description_kind":"plain","optional":true},"url":{"type":"string","description":"Login URL","description_kind":"plain","optional":true},"url_regex":{"type":"string","description":"A regex that further restricts URL to the specified regex","description_kind":"plain","optional":true},"user_name_template":{"type":"string","description":"Username template","description_kind":"plain","computed":true},"user_name_template_type":{"type":"string","description":"Username template type","description_kind":"plain","computed":true},"username_field":{"type":"string","description":"Login username field","description_kind":"plain","optional":true}},"block_types":{"users":{"nesting_mode":"set","block":{"attributes":{"id":{"type":"string","description":"User ID.","description_kind":"plain","optional":true},"password":{"type":"string","description":"Password for user application.","description_kind":"plain","optional":true},"scope":{"type":"string","description":"Scope of application user.","description_kind":"plain","computed":true},"username":{"type":"string","description":"Username for user.","description_kind":"plain","optional":true}},"description":"Users associated with the application","description_kind":"plain"}}},"description_kind":"plain","deprecated":true}},"okta_template_email":{"version":0,"block":{"attributes":{"default_language":{"type":"string","description_kind":"plain","optional":true},"id":{"type":"string","description_kind":"plain","optional":true,"computed":true},"type":{"type":"string","description":"Email template type","description_kind":"plain","required":true}},"block_types":{"translations":{"nesting_mode":"set","block":{"attributes":{"language":{"type":"string","description_kind":"plain","required":true},"subject":{"type":"string","description_kind":"plain","required":true},"template":{"type":"string","description_kind":"plain","required":true}},"description_kind":"plain"},"min_items":1}},"description_kind":"plain"}},"okta_template_sms":{"version":0,"block":{"attributes":{"id":{"type":"string","description_kind":"plain","optional":true,"computed":true},"template":{"type":"string","description":"SMS default template","description_kind":"plain","required":true},"type":{"type":"string","description":"SMS template type","description_kind":"plain","required":true}},"block_types":{"translations":{"nesting_mode":"set","block":{"attributes":{"language":{"type":"string","description_kind":"plain","required":true},"template":{"type":"string","description_kind":"plain","required":true}},"description_kind":"plain"}}},"description_kind":"plain"}},"okta_three_field_app":{"version":0,"block":{"attributes":{"accessibility_error_redirect_url":{"type":"string","description":"Custom error page URL","description_kind":"plain","optional":true},"accessibility_self_service":{"type":"bool","description":"Enable self service","description_kind":"plain","optional":true},"auto_submit_toolbar":{"type":"bool","description":"Display auto submit toolbar","description_kind":"plain","optional":true},"button_selector":{"type":"string","description":"Login button field CSS selector","description_kind":"plain","required":true},"extra_field_selector":{"type":"string","description":"Extra field CSS selector","description_kind":"plain","required":true},"extra_field_value":{"type":"string","description":"Value for extra form field","description_kind":"plain","required":true},"groups":{"type":["set","string"],"description":"Groups associated with the application","description_kind":"plain","optional":true},"hide_ios":{"type":"bool","description":"Do not display application icon on mobile app","description_kind":"plain","optional":true},"hide_web":{"type":"bool","description":"Do not display application icon to users","description_kind":"plain","optional":true},"id":{"type":"string","description_kind":"plain","optional":true,"computed":true},"label":{"type":"string","description":"Pretty name of app.","description_kind":"plain","required":true},"name":{"type":"string","description":"name of app.","description_kind":"plain","computed":true},"password_selector":{"type":"string","description":"Login password field CSS selector","description_kind":"plain","required":true},"sign_on_mode":{"type":"string","description":"Sign on mode of application.","description_kind":"plain","computed":true},"status":{"type":"string","description":"Status of application.","description_kind":"plain","optional":true},"url":{"type":"string","description":"Login URL","description_kind":"plain","required":true},"url_regex":{"type":"string","description":"A regex that further restricts URL to the specified regex","description_kind":"plain","optional":true},"user_name_template":{"type":"string","description":"Username template","description_kind":"plain","computed":true},"user_name_template_type":{"type":"string","description":"Username template type","description_kind":"plain","computed":true},"username_selector":{"type":"string","description":"Login username field CSS selector","description_kind":"plain","required":true}},"block_types":{"users":{"nesting_mode":"set","block":{"attributes":{"id":{"type":"string","description":"User ID.","description_kind":"plain","optional":true},"password":{"type":"string","description":"Password for user application.","description_kind":"plain","optional":true},"scope":{"type":"string","description":"Scope of application user.","description_kind":"plain","computed":true},"username":{"type":"string","description":"Username for user.","description_kind":"plain","optional":true}},"description":"Users associated with the application","description_kind":"plain"}}},"description_kind":"plain","deprecated":true}},"okta_trusted_origin":{"version":0,"block":{"attributes":{"active":{"type":"bool","description":"Whether the Trusted Origin is active or not - can only be issued post-creation","description_kind":"plain","optional":true},"id":{"type":"string","description_kind":"plain","optional":true,"computed":true},"name":{"type":"string","description":"Name of the Trusted Origin Resource","description_kind":"plain","required":true},"origin":{"type":"string","description":"The origin to trust","description_kind":"plain","required":true},"scopes":{"type":["list","string"],"description":"Scopes of the Trusted Origin - can either be CORS or REDIRECT only","description_kind":"plain","required":true}},"description_kind":"plain"}},"okta_user":{"version":0,"block":{"attributes":{"admin_roles":{"type":["set","string"],"description":"User Okta admin roles - ie. ['APP_ADMIN', 'USER_ADMIN']","description_kind":"plain","optional":true},"city":{"type":"string","description":"User city","description_kind":"plain","optional":true},"cost_center":{"type":"string","description":"User cost center","description_kind":"plain","optional":true},"country_code":{"type":"string","description":"User country code","description_kind":"plain","optional":true},"custom_profile_attributes":{"type":"string","description":"JSON formatted custom attributes for a user. It must be JSON due to various types Okta allows.","description_kind":"plain","optional":true},"department":{"type":"string","description":"User department","description_kind":"plain","optional":true},"display_name":{"type":"string","description":"User display name, suitable to show end users","description_kind":"plain","optional":true},"division":{"type":"string","description":"User division","description_kind":"plain","optional":true},"email":{"type":"string","description":"User primary email address","description_kind":"plain","required":true},"employee_number":{"type":"string","description":"User employee number","description_kind":"plain","optional":true},"first_name":{"type":"string","description":"User first name","description_kind":"plain","required":true},"group_memberships":{"type":["set","string"],"description":"The groups that you want this user to be a part of. This can also be done via the group using the `users` property.","description_kind":"plain","optional":true},"honorific_prefix":{"type":"string","description":"User honorific prefix","description_kind":"plain","optional":true},"honorific_suffix":{"type":"string","description":"User honorific suffix","description_kind":"plain","optional":true},"id":{"type":"string","description_kind":"plain","optional":true,"computed":true},"last_name":{"type":"string","description":"User last name","description_kind":"plain","required":true},"locale":{"type":"string","description":"User default location","description_kind":"plain","optional":true},"login":{"type":"string","description":"User Okta login","description_kind":"plain","required":true},"manager":{"type":"string","description":"Manager of User","description_kind":"plain","optional":true},"manager_id":{"type":"string","description":"Manager ID of User","description_kind":"plain","optional":true},"middle_name":{"type":"string","description":"User middle name","description_kind":"plain","optional":true},"mobile_phone":{"type":"string","description":"User mobile phone number","description_kind":"plain","optional":true},"nick_name":{"type":"string","description":"User nickname","description_kind":"plain","optional":true},"organization":{"type":"string","description":"User organization","description_kind":"plain","optional":true},"password":{"type":"string","description":"User Password","description_kind":"plain","optional":true,"sensitive":true},"postal_address":{"type":"string","description":"User mailing address","description_kind":"plain","optional":true},"preferred_language":{"type":"string","description":"User preferred language","description_kind":"plain","optional":true},"primary_phone":{"type":"string","description":"User primary phone number","description_kind":"plain","optional":true},"profile_url":{"type":"string","description":"User online profile (web page)","description_kind":"plain","optional":true},"raw_status":{"type":"string","description":"The raw status of the User in Okta - (status is mapped)","description_kind":"plain","computed":true},"recovery_answer":{"type":"string","description":"User Password Recovery Answer","description_kind":"plain","optional":true,"sensitive":true},"recovery_question":{"type":"string","description":"User Password Recovery Question","description_kind":"plain","optional":true},"second_email":{"type":"string","description":"User secondary email address, used for account recovery","description_kind":"plain","optional":true},"state":{"type":"string","description":"User state or region","description_kind":"plain","optional":true},"status":{"type":"string","description":"The status of the User in Okta - remove to set user back to active/provisioned","description_kind":"plain","optional":true},"street_address":{"type":"string","description":"User street address","description_kind":"plain","optional":true},"timezone":{"type":"string","description":"User default timezone","description_kind":"plain","optional":true},"title":{"type":"string","description":"User title","description_kind":"plain","optional":true},"user_type":{"type":"string","description":"User employee type","description_kind":"plain","optional":true},"zip_code":{"type":"string","description":"User zipcode or postal code","description_kind":"plain","optional":true}},"description_kind":"plain"}},"okta_user_base_schema":{"version":0,"block":{"attributes":{"id":{"type":"string","description_kind":"plain","optional":true,"computed":true},"index":{"type":"string","description":"Subschema unique string identifier","description_kind":"plain","required":true},"master":{"type":"string","description":"SubSchema profile manager, if not set it will inherit its setting.","description_kind":"plain","optional":true},"permissions":{"type":"string","description":"SubSchema permissions: HIDE, READ_ONLY, or READ_WRITE.","description_kind":"plain","optional":true},"required":{"type":"bool","description":"Whether the Subschema is required","description_kind":"plain","optional":true},"title":{"type":"string","description":"Subschema title (display name)","description_kind":"plain","required":true},"type":{"type":"string","description":"Subschema type: string, boolean, number, integer, array, or object","description_kind":"plain","required":true}},"description_kind":"plain"}},"okta_user_schema":{"version":0,"block":{"attributes":{"array_enum":{"type":["list","string"],"description":"Custom Subschema enumerated value of a property of type array.","description_kind":"plain","optional":true},"array_type":{"type":"string","description":"Subschema array type: string, number, integer, reference. Type field must be an array.","description_kind":"plain","optional":true},"description":{"type":"string","description":"Custom Subschema description","description_kind":"plain","optional":true},"enum":{"type":["list","string"],"description":"Custom Subschema enumerated value of the property. see: developer.okta.com/docs/api/resources/schemas#user-profile-schema-property-object","description_kind":"plain","optional":true},"external_name":{"type":"string","description":"Subschema external name","description_kind":"plain","optional":true},"external_namespace":{"type":"string","description":"Subschema external namespace","description_kind":"plain","optional":true},"id":{"type":"string","description_kind":"plain","optional":true,"computed":true},"index":{"type":"string","description":"Subschema unique string identifier","description_kind":"plain","required":true},"master":{"type":"string","description":"SubSchema profile manager, if not set it will inherit its setting.","description_kind":"plain","optional":true},"max_length":{"type":"number","description":"Subschema of type string maximum length","description_kind":"plain","optional":true},"min_length":{"type":"number","description":"Subschema of type string minimum length","description_kind":"plain","optional":true},"permissions":{"type":"string","description":"SubSchema permissions: HIDE, READ_ONLY, or READ_WRITE.","description_kind":"plain","optional":true},"required":{"type":"bool","description":"Whether the Subschema is required","description_kind":"plain","optional":true},"scope":{"type":"string","description_kind":"plain","optional":true},"title":{"type":"string","description":"Subschema title (display name)","description_kind":"plain","required":true},"type":{"type":"string","description":"Subschema type: string, boolean, number, integer, array, or object","description_kind":"plain","required":true},"unique":{"type":"string","description":"Subschema unique restriction","description_kind":"plain","optional":true}},"block_types":{"array_one_of":{"nesting_mode":"list","block":{"attributes":{"const":{"type":"string","description":"Enum value","description_kind":"plain","required":true},"title":{"type":"string","description":"Enum title","description_kind":"plain","required":true}},"description":"array of valid JSON schemas for property type array.","description_kind":"plain"}},"one_of":{"nesting_mode":"list","block":{"attributes":{"const":{"type":"string","description":"Enum value","description_kind":"plain","required":true},"title":{"type":"string","description":"Enum title","description_kind":"plain","required":true}},"description":"Custom Subschema json schemas. see: developer.okta.com/docs/api/resources/schemas#user-profile-schema-property-object","description_kind":"plain"}}},"description_kind":"plain"}}},"data_source_schemas":{"okta_app":{"version":0,"block":{"attributes":{"active_only":{"type":"bool","description":"Search only ACTIVE applications.","description_kind":"plain","optional":true},"description":{"type":"string","description_kind":"plain","computed":true},"id":{"type":"string","description_kind":"plain","optional":true},"label":{"type":"string","description_kind":"plain","optional":true},"label_prefix":{"type":"string","description_kind":"plain","optional":true},"name":{"type":"string","description_kind":"plain","computed":true},"status":{"type":"string","description_kind":"plain","computed":true}},"description_kind":"plain"}},"okta_app_metadata_saml":{"version":0,"block":{"attributes":{"app_id":{"type":"string","description_kind":"plain","required":true},"certificate":{"type":"string","description_kind":"plain","computed":true},"entity_id":{"type":"string","description":"Entity URL for instance https://www.okta.com/saml2/service-provider/sposcfdmlybtwkdcgtuf","description_kind":"plain","computed":true},"http_post_binding":{"type":"string","description":"urn:oasis:names:tc:SAML:2.0:bindings:HTTP-Post location from the SAML metadata.","description_kind":"plain","computed":true},"http_redirect_binding":{"type":"string","description":"urn:oasis:names:tc:SAML:2.0:bindings:HTTP-Redirect location from the SAML metadata.","description_kind":"plain","computed":true},"id":{"type":"string","description_kind":"plain","optional":true,"computed":true},"key_id":{"type":"string","description_kind":"plain","required":true},"metadata":{"type":"string","description_kind":"plain","computed":true},"want_authn_requests_signed":{"type":"bool","description_kind":"plain","computed":true}},"description_kind":"plain"}},"okta_app_saml":{"version":0,"block":{"attributes":{"accessibility_error_redirect_url":{"type":"string","description":"Custom error page URL","description_kind":"plain","optional":true},"accessibility_login_redirect_url":{"type":"string","description":"Custom login page URL","description_kind":"plain","optional":true},"accessibility_self_service":{"type":"bool","description":"Enable self service","description_kind":"plain","optional":true},"active_only":{"type":"bool","description":"Search only ACTIVE applications.","description_kind":"plain","optional":true},"app_settings_json":{"type":"string","description":"Application settings in JSON format","description_kind":"plain","optional":true},"assertion_signed":{"type":"bool","description":"Determines whether the SAML assertion is digitally signed","description_kind":"plain","optional":true},"audience":{"type":"string","description":"Audience Restriction","description_kind":"plain","optional":true},"authn_context_class_ref":{"type":"string","description":"Identifies the SAML authentication context class for the assertion’s authentication statement","description_kind":"plain","optional":true},"auto_submit_toolbar":{"type":"bool","description":"Display auto submit toolbar","description_kind":"plain","optional":true},"default_relay_state":{"type":"string","description":"Identifies a specific application resource in an IDP initiated SSO scenario.","description_kind":"plain","optional":true},"description":{"type":"string","description_kind":"plain","computed":true},"destination":{"type":"string","description":"Identifies the location where the SAML response is intended to be sent inside of the SAML assertion","description_kind":"plain","optional":true},"digest_algorithm":{"type":"string","description":"Determines the digest algorithm used to digitally sign the SAML assertion and response","description_kind":"plain","optional":true},"features":{"type":["set","string"],"description":"features to enable","description_kind":"plain","optional":true},"hide_ios":{"type":"bool","description":"Do not display application icon on mobile app","description_kind":"plain","optional":true},"hide_web":{"type":"bool","description":"Do not display application icon to users","description_kind":"plain","optional":true},"honor_force_authn":{"type":"bool","description":"Prompt user to re-authenticate if SP asks for it","description_kind":"plain","optional":true},"id":{"type":"string","description_kind":"plain","optional":true},"idp_issuer":{"type":"string","description":"SAML issuer ID","description_kind":"plain","optional":true},"key_id":{"type":"string","description":"Certificate ID","description_kind":"plain","computed":true},"label":{"type":"string","description_kind":"plain","optional":true},"label_prefix":{"type":"string","description_kind":"plain","optional":true},"name":{"type":"string","description_kind":"plain","computed":true},"recipient":{"type":"string","description":"The location where the app may present the SAML assertion","description_kind":"plain","optional":true},"request_compressed":{"type":"bool","description":"Denotes whether the request is compressed or not.","description_kind":"plain","optional":true},"response_signed":{"type":"bool","description":"Determines whether the SAML auth response message is digitally signed","description_kind":"plain","optional":true},"signature_algorithm":{"type":"string","description":"Signature algorithm used ot digitally sign the assertion and response","description_kind":"plain","optional":true},"sp_issuer":{"type":"string","description":"SAML SP issuer ID","description_kind":"plain","optional":true},"sso_url":{"type":"string","description":"Single Sign On URL","description_kind":"plain","optional":true},"status":{"type":"string","description_kind":"plain","computed":true},"subject_name_id_format":{"type":"string","description":"Identifies the SAML processing rules.","description_kind":"plain","optional":true},"subject_name_id_template":{"type":"string","description":"Template for app user's username when a user is assigned to the app","description_kind":"plain","optional":true},"user_name_template":{"type":"string","description":"Username template","description_kind":"plain","optional":true},"user_name_template_suffix":{"type":"string","description":"Username template suffix","description_kind":"plain","optional":true},"user_name_template_type":{"type":"string","description":"Username template type","description_kind":"plain","optional":true}},"block_types":{"attribute_statements":{"nesting_mode":"list","block":{"attributes":{"filter_type":{"type":"string","description":"Type of group attribute filter","description_kind":"plain","optional":true},"filter_value":{"type":"string","description":"Filter value to use","description_kind":"plain","optional":true},"name":{"type":"string","description_kind":"plain","required":true},"namespace":{"type":"string","description_kind":"plain","optional":true},"type":{"type":"string","description_kind":"plain","optional":true},"values":{"type":["list","string"],"description_kind":"plain","optional":true}},"description_kind":"plain"}}},"description_kind":"plain"}},"okta_auth_server":{"version":0,"block":{"attributes":{"audiences":{"type":["set","string"],"description_kind":"plain","computed":true},"credentials_last_rotated":{"type":"string","description_kind":"plain","computed":true},"credentials_next_rotation":{"type":"string","description_kind":"plain","computed":true},"credentials_rotation_mode":{"type":"string","description_kind":"plain","computed":true},"description":{"type":"string","description_kind":"plain","computed":true},"id":{"type":"string","description_kind":"plain","optional":true,"computed":true},"kid":{"type":"string","description_kind":"plain","computed":true},"name":{"type":"string","description_kind":"plain","required":true},"status":{"type":"string","description_kind":"plain","computed":true}},"description_kind":"plain"}},"okta_default_policies":{"version":0,"block":{"attributes":{"id":{"type":"string","description_kind":"plain","optional":true,"computed":true},"type":{"type":"string","description":"Policy type: OKTA_SIGN_ON, PASSWORD, MFA_ENROLL, or OAUTH_AUTHORIZATION_POLICY","description_kind":"plain","required":true}},"description_kind":"plain","deprecated":true}},"okta_default_policy":{"version":0,"block":{"attributes":{"id":{"type":"string","description_kind":"plain","optional":true,"computed":true},"type":{"type":"string","description":"Policy type: OKTA_SIGN_ON, PASSWORD, MFA_ENROLL, or OAUTH_AUTHORIZATION_POLICY","description_kind":"plain","required":true}},"description_kind":"plain"}},"okta_everyone_group":{"version":0,"block":{"attributes":{"id":{"type":"string","description_kind":"plain","optional":true,"computed":true},"include_users":{"type":"bool","description":"Fetch group users, having default off cuts down on API calls.","description_kind":"plain","optional":true}},"description_kind":"plain"}},"okta_group":{"version":0,"block":{"attributes":{"description":{"type":"string","description_kind":"plain","computed":true},"id":{"type":"string","description_kind":"plain","optional":true,"computed":true},"include_users":{"type":"bool","description":"Fetch group users, having default off cuts down on API calls.","description_kind":"plain","optional":true},"name":{"type":"string","description_kind":"plain","required":true},"users":{"type":["set","string"],"description":"Users associated with the group. This can also be done per user.","description_kind":"plain","computed":true}},"description_kind":"plain"}},"okta_idp_metadata_saml":{"version":0,"block":{"attributes":{"assertions_signed":{"type":"bool","description_kind":"plain","computed":true},"authn_request_signed":{"type":"bool","description_kind":"plain","computed":true},"encryption_certificate":{"type":"string","description_kind":"plain","computed":true},"entity_id":{"type":"string","description":"Entity URL for instance https://www.okta.com/saml2/service-provider/sposcfdmlybtwkdcgtuf","description_kind":"plain","computed":true},"http_post_binding":{"type":"string","description":"urn:oasis:names:tc:SAML:2.0:bindings:HTTP-Post location from the SAML metadata.","description_kind":"plain","computed":true},"http_redirect_binding":{"type":"string","description":"urn:oasis:names:tc:SAML:2.0:bindings:HTTP-Redirect location from the SAML metadata.","description_kind":"plain","computed":true},"id":{"type":"string","description_kind":"plain","optional":true,"computed":true},"idp_id":{"type":"string","description_kind":"plain","optional":true},"metadata":{"type":"string","description_kind":"plain","computed":true},"signing_certificate":{"type":"string","description_kind":"plain","computed":true}},"description_kind":"plain"}},"okta_idp_saml":{"version":0,"block":{"attributes":{"acs_binding":{"type":"string","description_kind":"plain","computed":true},"acs_type":{"type":"string","description_kind":"plain","computed":true},"audience":{"type":"string","description_kind":"plain","computed":true},"id":{"type":"string","description_kind":"plain","optional":true},"issuer":{"type":"string","description_kind":"plain","computed":true},"issuer_mode":{"type":"string","description_kind":"plain","computed":true},"kid":{"type":"string","description_kind":"plain","computed":true},"name":{"type":"string","description_kind":"plain","optional":true},"sso_binding":{"type":"string","description_kind":"plain","computed":true},"sso_destination":{"type":"string","description_kind":"plain","computed":true},"sso_url":{"type":"string","description_kind":"plain","computed":true},"subject_filter":{"type":"string","description_kind":"plain","computed":true},"subject_format":{"type":["set","string"],"description_kind":"plain","computed":true},"type":{"type":"string","description_kind":"plain","computed":true}},"description_kind":"plain"}},"okta_policy":{"version":0,"block":{"attributes":{"id":{"type":"string","description_kind":"plain","optional":true,"computed":true},"name":{"type":"string","description":"name of policy","description_kind":"plain","required":true},"type":{"type":"string","description":"Policy type: OKTA_SIGN_ON, PASSWORD, MFA_ENROLL, IDP_DISCOVERY, or OAUTH_AUTHORIZATION_POLICY","description_kind":"plain","required":true}},"description_kind":"plain"}},"okta_user":{"version":0,"block":{"attributes":{"admin_roles":{"type":["set","string"],"description_kind":"plain","computed":true},"city":{"type":"string","description_kind":"plain","computed":true},"cost_center":{"type":"string","description_kind":"plain","computed":true},"country_code":{"type":"string","description_kind":"plain","computed":true},"custom_profile_attributes":{"type":"string","description_kind":"plain","computed":true},"department":{"type":"string","description_kind":"plain","computed":true},"display_name":{"type":"string","description_kind":"plain","computed":true},"division":{"type":"string","description_kind":"plain","computed":true},"email":{"type":"string","description_kind":"plain","computed":true},"employee_number":{"type":"string","description_kind":"plain","computed":true},"first_name":{"type":"string","description_kind":"plain","computed":true},"group_memberships":{"type":["set","string"],"description_kind":"plain","computed":true},"honorific_prefix":{"type":"string","description_kind":"plain","computed":true},"honorific_suffix":{"type":"string","description_kind":"plain","computed":true},"id":{"type":"string","description_kind":"plain","optional":true,"computed":true},"last_name":{"type":"string","description_kind":"plain","computed":true},"locale":{"type":"string","description_kind":"plain","computed":true},"login":{"type":"string","description_kind":"plain","computed":true},"manager":{"type":"string","description_kind":"plain","computed":true},"manager_id":{"type":"string","description_kind":"plain","computed":true},"middle_name":{"type":"string","description_kind":"plain","computed":true},"mobile_phone":{"type":"string","description_kind":"plain","computed":true},"nick_name":{"type":"string","description_kind":"plain","computed":true},"organization":{"type":"string","description_kind":"plain","computed":true},"postal_address":{"type":"string","description_kind":"plain","computed":true},"preferred_language":{"type":"string","description_kind":"plain","computed":true},"primary_phone":{"type":"string","description_kind":"plain","computed":true},"profile_url":{"type":"string","description_kind":"plain","computed":true},"second_email":{"type":"string","description_kind":"plain","computed":true},"state":{"type":"string","description_kind":"plain","computed":true},"status":{"type":"string","description_kind":"plain","computed":true},"street_address":{"type":"string","description_kind":"plain","computed":true},"timezone":{"type":"string","description_kind":"plain","computed":true},"title":{"type":"string","description_kind":"plain","computed":true},"user_id":{"type":"string","description":"Retrieve a single user based on their id","description_kind":"plain","optional":true},"user_type":{"type":"string","description_kind":"plain","computed":true},"zip_code":{"type":"string","description_kind":"plain","computed":true}},"block_types":{"search":{"nesting_mode":"set","block":{"attributes":{"comparison":{"type":"string","description_kind":"plain","optional":true},"name":{"type":"string","description":"Property name to search for. This requires the search feature be on. Please see Okta documentation on their filter API for users. https://developer.okta.com/docs/api/resources/users#list-users-with-search","description_kind":"plain","required":true},"value":{"type":"string","description_kind":"plain","required":true}},"description":"Filter to find a user, each filter will be concatenated with an AND clause. Please be aware profile properties must match what is in Okta, which is likely camel case","description_kind":"plain"}}},"description_kind":"plain"}},"okta_user_profile_mapping_source":{"version":0,"block":{"attributes":{"id":{"type":"string","description_kind":"plain","optional":true,"computed":true},"name":{"type":"string","description_kind":"plain","computed":true},"type":{"type":"string","description_kind":"plain","computed":true}},"description_kind":"plain"}},"okta_users":{"version":0,"block":{"attributes":{"id":{"type":"string","description_kind":"plain","optional":true,"computed":true}},"block_types":{"search":{"nesting_mode":"set","block":{"attributes":{"comparison":{"type":"string","description_kind":"plain","optional":true},"name":{"type":"string","description":"Property name to search for. This requires the search feature be on. Please see Okta documentation on their filter API for users. https://developer.okta.com/docs/api/resources/users#list-users-with-search","description_kind":"plain","required":true},"value":{"type":"string","description_kind":"plain","required":true}},"description":"Filter to find a user, each filter will be concatenated with an AND clause. Please be aware profile properties must match what is in Okta, which is likely camel case","description_kind":"plain"},"min_items":1},"users":{"nesting_mode":"list","block":{"attributes":{"admin_roles":{"type":["set","string"],"description_kind":"plain","computed":true},"city":{"type":"string","description_kind":"plain","computed":true},"cost_center":{"type":"string","description_kind":"plain","computed":true},"country_code":{"type":"string","description_kind":"plain","computed":true},"custom_profile_attributes":{"type":"string","description_kind":"plain","computed":true},"department":{"type":"string","description_kind":"plain","computed":true},"display_name":{"type":"string","description_kind":"plain","computed":true},"division":{"type":"string","description_kind":"plain","computed":true},"email":{"type":"string","description_kind":"plain","computed":true},"employee_number":{"type":"string","description_kind":"plain","computed":true},"first_name":{"type":"string","description_kind":"plain","computed":true},"group_memberships":{"type":["set","string"],"description_kind":"plain","computed":true},"honorific_prefix":{"type":"string","description_kind":"plain","computed":true},"honorific_suffix":{"type":"string","description_kind":"plain","computed":true},"last_name":{"type":"string","description_kind":"plain","computed":true},"locale":{"type":"string","description_kind":"plain","computed":true},"login":{"type":"string","description_kind":"plain","computed":true},"manager":{"type":"string","description_kind":"plain","computed":true},"manager_id":{"type":"string","description_kind":"plain","computed":true},"middle_name":{"type":"string","description_kind":"plain","computed":true},"mobile_phone":{"type":"string","description_kind":"plain","computed":true},"nick_name":{"type":"string","description_kind":"plain","computed":true},"organization":{"type":"string","description_kind":"plain","computed":true},"postal_address":{"type":"string","description_kind":"plain","computed":true},"preferred_language":{"type":"string","description_kind":"plain","computed":true},"primary_phone":{"type":"string","description_kind":"plain","computed":true},"profile_url":{"type":"string","description_kind":"plain","computed":true},"second_email":{"type":"string","description_kind":"plain","computed":true},"state":{"type":"string","description_kind":"plain","computed":true},"status":{"type":"string","description_kind":"plain","computed":true},"street_address":{"type":"string","description_kind":"plain","computed":true},"timezone":{"type":"string","description_kind":"plain","computed":true},"title":{"type":"string","description_kind":"plain","computed":true},"user_type":{"type":"string","description_kind":"plain","computed":true},"zip_code":{"type":"string","description_kind":"plain","computed":true}},"description_kind":"plain"}}},"description_kind":"plain"}}}}}}
