{"format_version":"0.1","provider_schemas":{"registry.terraform.io/greg-gajda/po":{"provider":{"version":0,"block":{"attributes":{"client_certificate":{"type":"string","description":"PEM-encoded client certificate for TLS authentication.","description_kind":"plain","optional":true},"client_key":{"type":"string","description":"PEM-encoded client certificate key for TLS authentication.","description_kind":"plain","optional":true},"cluster_ca_certificate":{"type":"string","description":"PEM-encoded root certificates bundle for TLS authentication.","description_kind":"plain","optional":true},"config_context":{"type":"string","description_kind":"plain","optional":true},"config_context_auth_info":{"type":"string","description_kind":"plain","optional":true},"config_context_cluster":{"type":"string","description_kind":"plain","optional":true},"config_path":{"type":"string","description":"Path to the kube config file, defaults to ~/.kube/config","description_kind":"plain","optional":true},"host":{"type":"string","description":"The hostname (in form of URI) of Kubernetes master.","description_kind":"plain","optional":true},"insecure":{"type":"bool","description":"Whether server should be accessed without verifying the TLS certificate.","description_kind":"plain","optional":true},"load_config_file":{"type":"bool","description":"Load local kubeconfig.","description_kind":"plain","optional":true},"password":{"type":"string","description":"The password to use for HTTP basic authentication when accessing the Kubernetes master endpoint.","description_kind":"plain","optional":true},"token":{"type":"string","description":"Token to authenticate an service account","description_kind":"plain","optional":true},"username":{"type":"string","description":"The username to use for HTTP basic authentication when accessing the Kubernetes master endpoint.","description_kind":"plain","optional":true}},"block_types":{"exec":{"nesting_mode":"list","block":{"attributes":{"api_version":{"type":"string","description_kind":"plain","required":true},"args":{"type":["list","string"],"description_kind":"plain","optional":true},"command":{"type":"string","description_kind":"plain","required":true},"env":{"type":["map","string"],"description_kind":"plain","optional":true}},"description_kind":"plain"},"max_items":1}},"description_kind":"plain"}},"resource_schemas":{"po_alertmanager":{"version":0,"block":{"attributes":{"id":{"type":"string","description_kind":"plain","optional":true,"computed":true}},"block_types":{"metadata":{"nesting_mode":"list","block":{"attributes":{"annotations":{"type":["map","string"],"description":"An unstructured key value map stored with the alertmanager that may be used to store arbitrary metadata. More info: http://kubernetes.io/docs/user-guide/annotations","description_kind":"plain","optional":true},"generate_name":{"type":"string","description":"Prefix, used by the server, to generate a unique name ONLY IF the `name` field has not been provided. This value will also be combined with a unique suffix. Read more: https://github.com/kubernetes/community/blob/master/contributors/devel/sig-architecture/api-conventions.md#idempotency","description_kind":"plain","optional":true},"generation":{"type":"number","description":"A sequence number representing a specific generation of the desired state.","description_kind":"plain","computed":true},"labels":{"type":["map","string"],"description":"Map of string keys and values that can be used to organize and categorize (scope and select) the alertmanager. May match selectors of replication controllers and services. More info: http://kubernetes.io/docs/user-guide/labels","description_kind":"plain","optional":true},"name":{"type":"string","description":"Name of the alertmanager, must be unique. Cannot be updated. More info: http://kubernetes.io/docs/user-guide/identifiers#names","description_kind":"plain","optional":true,"computed":true},"namespace":{"type":"string","description":"Namespace defines the space within which name of the alertmanager must be unique.","description_kind":"plain","optional":true},"resource_version":{"type":"string","description":"An opaque value that represents the internal version of this alertmanager that can be used by clients to determine when alertmanager has changed. Read more: https://github.com/kubernetes/community/blob/master/contributors/devel/sig-architecture/api-conventions.md#concurrency-control-and-consistency","description_kind":"plain","computed":true},"self_link":{"type":"string","description":"A URL representing this alertmanager.","description_kind":"plain","computed":true},"uid":{"type":"string","description":"The unique in time and space value for this alertmanager. More info: http://kubernetes.io/docs/user-guide/identifiers#uids","description_kind":"plain","computed":true}},"description_kind":"plain"},"min_items":1,"max_items":1},"spec":{"nesting_mode":"list","block":{"attributes":{"base_image":{"type":"string","description":"Base image that is used to deploy pods, without tag.","description_kind":"plain","optional":true},"config_maps":{"type":["list","string"],"description":"ConfigMaps is a list of ConfigMaps in the same namespace as the Alertmanager object, which shall be mounted into the Alertmanager Pods. The ConfigMaps are mounted into /etc/alertmanager/configmaps/.","description_kind":"plain","optional":true},"external_url":{"type":"string","description":"The external URL the Alertmanager instances will be available under. This is necessary to generate correct URLs. This is necessary if Prometheus is not served from root of a DNS name.","description_kind":"plain","optional":true},"image":{"type":"string","description":"Image if specified has precedence over baseImage, tag and sha combinations. Specifying the version is still necessary to ensure the Prometheus Operator knows what version of Alertmanager is being configured.","description_kind":"plain","optional":true},"listen_local":{"type":"bool","description":"ListenLocal makes the Alertmanager server listen on loopback. More info: https://github.com/coreos/prometheus-operator/blob/master/Documentation/api.md#alertmanager","description_kind":"plain","optional":true},"node_selector":{"type":["map","string"],"description":"Define which Nodes the Alertmanager Pods are scheduled on. More info: https://github.com/coreos/prometheus-operator/blob/master/Documentation/api.md#alertmanager","description_kind":"plain","optional":true},"paused":{"type":"bool","description":"If set to true all actions on the underlaying managed objects are not goint to be performed, except for delete actions.","description_kind":"plain","optional":true},"port_name":{"type":"string","description":"Port name used for the pods and governing service. More info: https://github.com/coreos/prometheus-operator/blob/master/Documentation/api.md#alertmanager","description_kind":"plain","optional":true},"priority_class_name":{"type":"string","description":"Priority class assigned to the alertmanager Pods. More info: https://github.com/coreos/prometheus-operator/blob/master/Documentation/api.md#alertmanager","description_kind":"plain","optional":true},"replicas":{"type":"number","description":"The number of desired replicas.","description_kind":"plain","optional":true},"secrets":{"type":["list","string"],"description":"Secrets is a list of Secrets in the same namespace as the Alertmanager object, which shall be mounted into the Alertmanager Pods. The Secrets are mounted into /etc/alertmanager/secrets/.","description_kind":"plain","optional":true},"service_account_name":{"type":"string","description":"ServiceAccountName is the name of the ServiceAccount to use to run the Alertmanager Pods.","description_kind":"plain","optional":true},"sha":{"type":"string","description":"SHA of Alertmanager container image to be deployed. Defaults to the value of version. Similar to a tag, but the SHA explicitly deploys an immutable container image. Version and Tag are ignored if SHA is set.","description_kind":"plain","optional":true},"tag":{"type":"string","description":"Tag of Alertmanager container image to be deployed. Defaults to the value of version. Version is ignored if Tag is set","description_kind":"plain","optional":true},"version":{"type":"string","description":"Alertmanager version to be used.","description_kind":"plain","optional":true}},"block_types":{"container":{"nesting_mode":"list","block":{"attributes":{"args":{"type":["list","string"],"description":"Arguments to the entrypoint. The docker image's CMD is used if this is not provided. Variable references $(VAR_NAME) are expanded using the container's environment. If a variable cannot be resolved, the reference in the input string will be unchanged. The $(VAR_NAME) syntax can be escaped with a double $$, ie: $$(VAR_NAME). Escaped references will never be expanded, regardless of whether the variable exists or not. Cannot be updated. More info: http://kubernetes.io/docs/user-guide/containers#containers-and-commands","description_kind":"plain","optional":true},"command":{"type":["list","string"],"description":"Entrypoint array. Not executed within a shell. The docker image's ENTRYPOINT is used if this is not provided. Variable references $(VAR_NAME) are expanded using the container's environment. If a variable cannot be resolved, the reference in the input string will be unchanged. The $(VAR_NAME) syntax can be escaped with a double $$, ie: $$(VAR_NAME). Escaped references will never be expanded, regardless of whether the variable exists or not. Cannot be updated. More info: http://kubernetes.io/docs/user-guide/containers#containers-and-commands","description_kind":"plain","optional":true},"image":{"type":"string","description":"Docker image name. More info: http://kubernetes.io/docs/user-guide/images","description_kind":"plain","optional":true},"image_pull_policy":{"type":"string","description":"Image pull policy. One of Always, Never, IfNotPresent. Defaults to Always if :latest tag is specified, or IfNotPresent otherwise. Cannot be updated. More info: http://kubernetes.io/docs/user-guide/images#updating-images","description_kind":"plain","optional":true,"computed":true},"name":{"type":"string","description":"Name of the container specified as a DNS_LABEL. Each container in a pod must have a unique name (DNS_LABEL). Cannot be updated.","description_kind":"plain","required":true},"stdin":{"type":"bool","description":"Whether this container should allocate a buffer for stdin in the container runtime. If this is not set, reads from stdin in the container will always result in EOF. ","description_kind":"plain","optional":true},"stdin_once":{"type":"bool","description":"Whether the container runtime should close the stdin channel after it has been opened by a single attach. When stdin is true the stdin stream will remain open across multiple attach sessions. If stdinOnce is set to true, stdin is opened on container start, is empty until the first client attaches to stdin, and then remains open and accepts data until the client disconnects, at which time stdin is closed and remains closed until the container is restarted. If this flag is false, a container processes that reads from stdin will never receive an EOF.","description_kind":"plain","optional":true},"termination_message_path":{"type":"string","description":"Optional: Path at which the file to which the container's termination message will be written is mounted into the container's filesystem. Message written is intended to be brief final status, such as an assertion failure message. Defaults to /dev/termination-log. Cannot be updated.","description_kind":"plain","optional":true},"tty":{"type":"bool","description":"Whether this container should allocate a TTY for itself","description_kind":"plain","optional":true},"working_dir":{"type":"string","description":"Container's working directory. If not specified, the container runtime's default will be used, which might be configured in the container image. Cannot be updated.","description_kind":"plain","optional":true}},"block_types":{"env":{"nesting_mode":"list","block":{"attributes":{"name":{"type":"string","description":"Name of the environment variable. Must be a C_IDENTIFIER","description_kind":"plain","required":true},"value":{"type":"string","description":"Variable references $(VAR_NAME) are expanded using the previous defined environment variables in the container and any service environment variables. If a variable cannot be resolved, the reference in the input string will be unchanged. The $(VAR_NAME) syntax can be escaped with a double $$, ie: $$(VAR_NAME). Escaped references will never be expanded, regardless of whether the variable exists or not. Defaults to \"\".","description_kind":"plain","optional":true}},"block_types":{"value_from":{"nesting_mode":"list","block":{"block_types":{"config_map_key_ref":{"nesting_mode":"list","block":{"attributes":{"key":{"type":"string","description":"The key to select.","description_kind":"plain","optional":true},"name":{"type":"string","description":"Name of the referent. More info: http://kubernetes.io/docs/user-guide/identifiers#names","description_kind":"plain","optional":true}},"description_kind":"plain"},"max_items":1},"field_ref":{"nesting_mode":"list","block":{"attributes":{"api_version":{"type":"string","description":"Version of the schema the FieldPath is written in terms of, defaults to \"v1\".","description_kind":"plain","optional":true},"field_path":{"type":"string","description":"Path of the field to select in the specified API version","description_kind":"plain","optional":true}},"description_kind":"plain"},"max_items":1},"resource_field_ref":{"nesting_mode":"list","block":{"attributes":{"container_name":{"type":"string","description_kind":"plain","optional":true},"resource":{"type":"string","description":"Resource to select","description_kind":"plain","required":true}},"description_kind":"plain"},"max_items":1},"secret_key_ref":{"nesting_mode":"list","block":{"attributes":{"key":{"type":"string","description":"The key of the secret to select from. Must be a valid secret key.","description_kind":"plain","optional":true},"name":{"type":"string","description":"Name of the referent. More info: http://kubernetes.io/docs/user-guide/identifiers#names","description_kind":"plain","optional":true}},"description_kind":"plain"},"max_items":1}},"description_kind":"plain"},"max_items":1}},"description_kind":"plain"}},"env_from":{"nesting_mode":"list","block":{"attributes":{"prefix":{"type":"string","description":"An optional identifer to prepend to each key in the ConfigMap. Must be a C_IDENTIFIER.","description_kind":"plain","optional":true}},"block_types":{"config_map_ref":{"nesting_mode":"list","block":{"attributes":{"name":{"type":"string","description":"Name of the referent. More info: http://kubernetes.io/docs/user-guide/identifiers#names","description_kind":"plain","required":true},"optional":{"type":"bool","description":"Specify whether the ConfigMap must be defined","description_kind":"plain","optional":true}},"description_kind":"plain"},"max_items":1},"secret_ref":{"nesting_mode":"list","block":{"attributes":{"name":{"type":"string","description":"Name of the referent. More info: https://kubernetes.io/docs/concepts/overview/working-with-objects/names/#names","description_kind":"plain","required":true},"optional":{"type":"bool","description":"Specify whether the Secret must be defined","description_kind":"plain","optional":true}},"description_kind":"plain"},"max_items":1}},"description_kind":"plain"}},"lifecycle":{"nesting_mode":"list","block":{"block_types":{"post_start":{"nesting_mode":"list","block":{"block_types":{"exec":{"nesting_mode":"list","block":{"attributes":{"command":{"type":["list","string"],"description":"Command is the command line to execute inside the container, the working directory for the command is root ('/') in the container's filesystem. The command is simply exec'd, it is not run inside a shell, so traditional shell instructions. To use a shell, you need to explicitly call out to that shell. Exit status of 0 is treated as live/healthy and non-zero is unhealthy.","description_kind":"plain","optional":true}},"description_kind":"plain"},"max_items":1},"http_get":{"nesting_mode":"list","block":{"attributes":{"host":{"type":"string","description":"Host name to connect to, defaults to the pod IP. You probably want to set \"Host\" in httpHeaders instead.","description_kind":"plain","optional":true},"path":{"type":"string","description":"Path to access on the HTTP server.","description_kind":"plain","optional":true},"port":{"type":"string","description":"Name or number of the port to access on the container. Number must be in the range 1 to 65535. Name must be an IANA_SVC_NAME.","description_kind":"plain","optional":true},"scheme":{"type":"string","description":"Scheme to use for connecting to the host.","description_kind":"plain","optional":true}},"block_types":{"http_header":{"nesting_mode":"list","block":{"attributes":{"name":{"type":"string","description":"The header field name","description_kind":"plain","optional":true},"value":{"type":"string","description":"The header field value","description_kind":"plain","optional":true}},"description_kind":"plain"}}},"description_kind":"plain"},"max_items":1},"tcp_socket":{"nesting_mode":"list","block":{"attributes":{"port":{"type":"string","description":"Number or name of the port to access on the container. Number must be in the range 1 to 65535. Name must be an IANA_SVC_NAME.","description_kind":"plain","required":true}},"description_kind":"plain"}}},"description_kind":"plain"}},"pre_stop":{"nesting_mode":"list","block":{"block_types":{"exec":{"nesting_mode":"list","block":{"attributes":{"command":{"type":["list","string"],"description":"Command is the command line to execute inside the container, the working directory for the command is root ('/') in the container's filesystem. The command is simply exec'd, it is not run inside a shell, so traditional shell instructions. To use a shell, you need to explicitly call out to that shell. Exit status of 0 is treated as live/healthy and non-zero is unhealthy.","description_kind":"plain","optional":true}},"description_kind":"plain"},"max_items":1},"http_get":{"nesting_mode":"list","block":{"attributes":{"host":{"type":"string","description":"Host name to connect to, defaults to the pod IP. You probably want to set \"Host\" in httpHeaders instead.","description_kind":"plain","optional":true},"path":{"type":"string","description":"Path to access on the HTTP server.","description_kind":"plain","optional":true},"port":{"type":"string","description":"Name or number of the port to access on the container. Number must be in the range 1 to 65535. Name must be an IANA_SVC_NAME.","description_kind":"plain","optional":true},"scheme":{"type":"string","description":"Scheme to use for connecting to the host.","description_kind":"plain","optional":true}},"block_types":{"http_header":{"nesting_mode":"list","block":{"attributes":{"name":{"type":"string","description":"The header field name","description_kind":"plain","optional":true},"value":{"type":"string","description":"The header field value","description_kind":"plain","optional":true}},"description_kind":"plain"}}},"description_kind":"plain"},"max_items":1},"tcp_socket":{"nesting_mode":"list","block":{"attributes":{"port":{"type":"string","description":"Number or name of the port to access on the container. Number must be in the range 1 to 65535. Name must be an IANA_SVC_NAME.","description_kind":"plain","required":true}},"description_kind":"plain"}}},"description_kind":"plain"}}},"description_kind":"plain"},"max_items":1},"liveness_probe":{"nesting_mode":"list","block":{"attributes":{"failure_threshold":{"type":"number","description":"Minimum consecutive failures for the probe to be considered failed after having succeeded.","description_kind":"plain","optional":true},"initial_delay_seconds":{"type":"number","description":"Number of seconds after the container has started before liveness probes are initiated. More info: http://kubernetes.io/docs/user-guide/pod-states#container-probes","description_kind":"plain","optional":true},"period_seconds":{"type":"number","description":"How often (in seconds) to perform the probe","description_kind":"plain","optional":true},"success_threshold":{"type":"number","description":"Minimum consecutive successes for the probe to be considered successful after having failed.","description_kind":"plain","optional":true},"timeout_seconds":{"type":"number","description":"Number of seconds after which the probe times out. More info: http://kubernetes.io/docs/user-guide/pod-states#container-probes","description_kind":"plain","optional":true}},"block_types":{"exec":{"nesting_mode":"list","block":{"attributes":{"command":{"type":["list","string"],"description":"Command is the command line to execute inside the container, the working directory for the command is root ('/') in the container's filesystem. The command is simply exec'd, it is not run inside a shell, so traditional shell instructions. To use a shell, you need to explicitly call out to that shell. Exit status of 0 is treated as live/healthy and non-zero is unhealthy.","description_kind":"plain","optional":true}},"description_kind":"plain"},"max_items":1},"http_get":{"nesting_mode":"list","block":{"attributes":{"host":{"type":"string","description":"Host name to connect to, defaults to the pod IP. You probably want to set \"Host\" in httpHeaders instead.","description_kind":"plain","optional":true},"path":{"type":"string","description":"Path to access on the HTTP server.","description_kind":"plain","optional":true},"port":{"type":"string","description":"Name or number of the port to access on the container. Number must be in the range 1 to 65535. Name must be an IANA_SVC_NAME.","description_kind":"plain","optional":true},"scheme":{"type":"string","description":"Scheme to use for connecting to the host.","description_kind":"plain","optional":true}},"block_types":{"http_header":{"nesting_mode":"list","block":{"attributes":{"name":{"type":"string","description":"The header field name","description_kind":"plain","optional":true},"value":{"type":"string","description":"The header field value","description_kind":"plain","optional":true}},"description_kind":"plain"}}},"description_kind":"plain"},"max_items":1},"tcp_socket":{"nesting_mode":"list","block":{"attributes":{"port":{"type":"string","description":"Number or name of the port to access on the container. Number must be in the range 1 to 65535. Name must be an IANA_SVC_NAME.","description_kind":"plain","required":true}},"description_kind":"plain"}}},"description_kind":"plain"},"max_items":1},"port":{"nesting_mode":"list","block":{"attributes":{"container_port":{"type":"number","description":"Number of port to expose on the pod's IP address. This must be a valid port number, 0 \u003c x \u003c 65536.","description_kind":"plain","required":true},"host_ip":{"type":"string","description":"What host IP to bind the external port to.","description_kind":"plain","optional":true},"host_port":{"type":"number","description":"Number of port to expose on the host. If specified, this must be a valid port number, 0 \u003c x \u003c 65536. If HostNetwork is specified, this must match ContainerPort. Most containers do not need this.","description_kind":"plain","optional":true},"name":{"type":"string","description":"If specified, this must be an IANA_SVC_NAME and unique within the pod. Each named port in a pod must have a unique name. Name for the port that can be referred to by services","description_kind":"plain","optional":true},"protocol":{"type":"string","description":"Protocol for port. Must be UDP or TCP. Defaults to \"TCP\".","description_kind":"plain","optional":true}},"description_kind":"plain"}},"readiness_probe":{"nesting_mode":"list","block":{"attributes":{"failure_threshold":{"type":"number","description":"Minimum consecutive failures for the probe to be considered failed after having succeeded.","description_kind":"plain","optional":true},"initial_delay_seconds":{"type":"number","description":"Number of seconds after the container has started before liveness probes are initiated. More info: http://kubernetes.io/docs/user-guide/pod-states#container-probes","description_kind":"plain","optional":true},"period_seconds":{"type":"number","description":"How often (in seconds) to perform the probe","description_kind":"plain","optional":true},"success_threshold":{"type":"number","description":"Minimum consecutive successes for the probe to be considered successful after having failed.","description_kind":"plain","optional":true},"timeout_seconds":{"type":"number","description":"Number of seconds after which the probe times out. More info: http://kubernetes.io/docs/user-guide/pod-states#container-probes","description_kind":"plain","optional":true}},"block_types":{"exec":{"nesting_mode":"list","block":{"attributes":{"command":{"type":["list","string"],"description":"Command is the command line to execute inside the container, the working directory for the command is root ('/') in the container's filesystem. The command is simply exec'd, it is not run inside a shell, so traditional shell instructions. To use a shell, you need to explicitly call out to that shell. Exit status of 0 is treated as live/healthy and non-zero is unhealthy.","description_kind":"plain","optional":true}},"description_kind":"plain"},"max_items":1},"http_get":{"nesting_mode":"list","block":{"attributes":{"host":{"type":"string","description":"Host name to connect to, defaults to the pod IP. You probably want to set \"Host\" in httpHeaders instead.","description_kind":"plain","optional":true},"path":{"type":"string","description":"Path to access on the HTTP server.","description_kind":"plain","optional":true},"port":{"type":"string","description":"Name or number of the port to access on the container. Number must be in the range 1 to 65535. Name must be an IANA_SVC_NAME.","description_kind":"plain","optional":true},"scheme":{"type":"string","description":"Scheme to use for connecting to the host.","description_kind":"plain","optional":true}},"block_types":{"http_header":{"nesting_mode":"list","block":{"attributes":{"name":{"type":"string","description":"The header field name","description_kind":"plain","optional":true},"value":{"type":"string","description":"The header field value","description_kind":"plain","optional":true}},"description_kind":"plain"}}},"description_kind":"plain"},"max_items":1},"tcp_socket":{"nesting_mode":"list","block":{"attributes":{"port":{"type":"string","description":"Number or name of the port to access on the container. Number must be in the range 1 to 65535. Name must be an IANA_SVC_NAME.","description_kind":"plain","required":true}},"description_kind":"plain"}}},"description_kind":"plain"},"max_items":1},"resources":{"nesting_mode":"list","block":{"block_types":{"limits":{"nesting_mode":"list","block":{"attributes":{"cpu":{"type":"string","description_kind":"plain","optional":true,"computed":true},"memory":{"type":"string","description_kind":"plain","optional":true,"computed":true}},"description_kind":"plain"},"max_items":1},"requests":{"nesting_mode":"list","block":{"attributes":{"cpu":{"type":"string","description_kind":"plain","optional":true,"computed":true},"memory":{"type":"string","description_kind":"plain","optional":true,"computed":true}},"description_kind":"plain"},"max_items":1}},"description_kind":"plain"},"max_items":1},"security_context":{"nesting_mode":"list","block":{"attributes":{"allow_privilege_escalation":{"type":"bool","description":"AllowPrivilegeEscalation controls whether a process can gain more privileges than its parent process. This bool directly controls if the no_new_privs flag will be set on the container process. AllowPrivilegeEscalation is true always when the container is: 1) run as Privileged 2) has CAP_SYS_ADMIN","description_kind":"plain","optional":true},"privileged":{"type":"bool","description":"Run container in privileged mode. Processes in privileged containers are essentially equivalent to root on the host. Defaults to false.","description_kind":"plain","optional":true},"read_only_root_filesystem":{"type":"bool","description":"Whether this container has a read-only root filesystem. Default is false.","description_kind":"plain","optional":true},"run_as_group":{"type":"number","description":"The GID to run the entrypoint of the container process. Uses runtime default if unset. May also be set in PodSecurityContext. If set in both SecurityContext and PodSecurityContext, the value specified in SecurityContext takes precedence.","description_kind":"plain","optional":true},"run_as_non_root":{"type":"bool","description":"Indicates that the container must run as a non-root user. If true, the Kubelet will validate the image at runtime to ensure that it does not run as UID 0 (root) and fail to start the container if it does. If unset or false, no such validation will be performed. May also be set in PodSecurityContext. If set in both SecurityContext and PodSecurityContext, the value specified in SecurityContext takes precedence.","description_kind":"plain","optional":true},"run_as_user":{"type":"number","description":"The UID to run the entrypoint of the container process. Defaults to user specified in image metadata if unspecified. May also be set in PodSecurityContext. If set in both SecurityContext and PodSecurityContext, the value specified in SecurityContext takes precedence.","description_kind":"plain","optional":true}},"block_types":{"capabilities":{"nesting_mode":"list","block":{"attributes":{"add":{"type":["list","string"],"description":"Added capabilities","description_kind":"plain","optional":true},"drop":{"type":["list","string"],"description":"Removed capabilities","description_kind":"plain","optional":true}},"description_kind":"plain"},"max_items":1},"se_linux_options":{"nesting_mode":"list","block":{"attributes":{"level":{"type":"string","description":"Level is SELinux level label that applies to the container.","description_kind":"plain","optional":true},"role":{"type":"string","description":"Role is a SELinux role label that applies to the container.","description_kind":"plain","optional":true},"type":{"type":"string","description":"Type is a SELinux type label that applies to the container.","description_kind":"plain","optional":true},"user":{"type":"string","description":"User is a SELinux user label that applies to the container.","description_kind":"plain","optional":true}},"description_kind":"plain"},"max_items":1}},"description_kind":"plain"},"max_items":1},"volume_mount":{"nesting_mode":"list","block":{"attributes":{"mount_path":{"type":"string","description":"Path within the container at which the volume should be mounted. Must not contain ':'.","description_kind":"plain","required":true},"mount_propagation":{"type":"string","description":"Mount propagation mode. mount_propagation determines how mounts are propagated from the host to container and the other way around. Valid values are None (default), HostToContainer and Bidirectional.","description_kind":"plain","optional":true},"name":{"type":"string","description":"This must match the Name of a Volume.","description_kind":"plain","required":true},"read_only":{"type":"bool","description":"Mounted read-only if true, read-write otherwise (false or unspecified). Defaults to false.","description_kind":"plain","optional":true},"sub_path":{"type":"string","description":"Path within the volume from which the container's volume should be mounted. Defaults to \"\" (volume's root).","description_kind":"plain","optional":true}},"description_kind":"plain"}}},"description_kind":"plain"}},"init_container":{"nesting_mode":"list","block":{"attributes":{"args":{"type":["list","string"],"description":"Arguments to the entrypoint. The docker image's CMD is used if this is not provided. Variable references $(VAR_NAME) are expanded using the container's environment. If a variable cannot be resolved, the reference in the input string will be unchanged. The $(VAR_NAME) syntax can be escaped with a double $$, ie: $$(VAR_NAME). Escaped references will never be expanded, regardless of whether the variable exists or not. Cannot be updated. More info: http://kubernetes.io/docs/user-guide/containers#containers-and-commands","description_kind":"plain","optional":true},"command":{"type":["list","string"],"description":"Entrypoint array. Not executed within a shell. The docker image's ENTRYPOINT is used if this is not provided. Variable references $(VAR_NAME) are expanded using the container's environment. If a variable cannot be resolved, the reference in the input string will be unchanged. The $(VAR_NAME) syntax can be escaped with a double $$, ie: $$(VAR_NAME). Escaped references will never be expanded, regardless of whether the variable exists or not. Cannot be updated. More info: http://kubernetes.io/docs/user-guide/containers#containers-and-commands","description_kind":"plain","optional":true},"image":{"type":"string","description":"Docker image name. More info: http://kubernetes.io/docs/user-guide/images","description_kind":"plain","optional":true},"image_pull_policy":{"type":"string","description":"Image pull policy. One of Always, Never, IfNotPresent. Defaults to Always if :latest tag is specified, or IfNotPresent otherwise. Cannot be updated. More info: http://kubernetes.io/docs/user-guide/images#updating-images","description_kind":"plain","optional":true,"computed":true},"name":{"type":"string","description":"Name of the container specified as a DNS_LABEL. Each container in a pod must have a unique name (DNS_LABEL). Cannot be updated.","description_kind":"plain","required":true},"stdin":{"type":"bool","description":"Whether this container should allocate a buffer for stdin in the container runtime. If this is not set, reads from stdin in the container will always result in EOF. ","description_kind":"plain","optional":true},"stdin_once":{"type":"bool","description":"Whether the container runtime should close the stdin channel after it has been opened by a single attach. When stdin is true the stdin stream will remain open across multiple attach sessions. If stdinOnce is set to true, stdin is opened on container start, is empty until the first client attaches to stdin, and then remains open and accepts data until the client disconnects, at which time stdin is closed and remains closed until the container is restarted. If this flag is false, a container processes that reads from stdin will never receive an EOF.","description_kind":"plain","optional":true},"termination_message_path":{"type":"string","description":"Optional: Path at which the file to which the container's termination message will be written is mounted into the container's filesystem. Message written is intended to be brief final status, such as an assertion failure message. Defaults to /dev/termination-log. Cannot be updated.","description_kind":"plain","optional":true},"tty":{"type":"bool","description":"Whether this container should allocate a TTY for itself","description_kind":"plain","optional":true},"working_dir":{"type":"string","description":"Container's working directory. If not specified, the container runtime's default will be used, which might be configured in the container image. Cannot be updated.","description_kind":"plain","optional":true}},"block_types":{"env":{"nesting_mode":"list","block":{"attributes":{"name":{"type":"string","description":"Name of the environment variable. Must be a C_IDENTIFIER","description_kind":"plain","required":true},"value":{"type":"string","description":"Variable references $(VAR_NAME) are expanded using the previous defined environment variables in the container and any service environment variables. If a variable cannot be resolved, the reference in the input string will be unchanged. The $(VAR_NAME) syntax can be escaped with a double $$, ie: $$(VAR_NAME). Escaped references will never be expanded, regardless of whether the variable exists or not. Defaults to \"\".","description_kind":"plain","optional":true}},"block_types":{"value_from":{"nesting_mode":"list","block":{"block_types":{"config_map_key_ref":{"nesting_mode":"list","block":{"attributes":{"key":{"type":"string","description":"The key to select.","description_kind":"plain","optional":true},"name":{"type":"string","description":"Name of the referent. More info: http://kubernetes.io/docs/user-guide/identifiers#names","description_kind":"plain","optional":true}},"description_kind":"plain"},"max_items":1},"field_ref":{"nesting_mode":"list","block":{"attributes":{"api_version":{"type":"string","description":"Version of the schema the FieldPath is written in terms of, defaults to \"v1\".","description_kind":"plain","optional":true},"field_path":{"type":"string","description":"Path of the field to select in the specified API version","description_kind":"plain","optional":true}},"description_kind":"plain"},"max_items":1},"resource_field_ref":{"nesting_mode":"list","block":{"attributes":{"container_name":{"type":"string","description_kind":"plain","optional":true},"resource":{"type":"string","description":"Resource to select","description_kind":"plain","required":true}},"description_kind":"plain"},"max_items":1},"secret_key_ref":{"nesting_mode":"list","block":{"attributes":{"key":{"type":"string","description":"The key of the secret to select from. Must be a valid secret key.","description_kind":"plain","optional":true},"name":{"type":"string","description":"Name of the referent. More info: http://kubernetes.io/docs/user-guide/identifiers#names","description_kind":"plain","optional":true}},"description_kind":"plain"},"max_items":1}},"description_kind":"plain"},"max_items":1}},"description_kind":"plain"}},"env_from":{"nesting_mode":"list","block":{"attributes":{"prefix":{"type":"string","description":"An optional identifer to prepend to each key in the ConfigMap. Must be a C_IDENTIFIER.","description_kind":"plain","optional":true}},"block_types":{"config_map_ref":{"nesting_mode":"list","block":{"attributes":{"name":{"type":"string","description":"Name of the referent. More info: http://kubernetes.io/docs/user-guide/identifiers#names","description_kind":"plain","required":true},"optional":{"type":"bool","description":"Specify whether the ConfigMap must be defined","description_kind":"plain","optional":true}},"description_kind":"plain"},"max_items":1},"secret_ref":{"nesting_mode":"list","block":{"attributes":{"name":{"type":"string","description":"Name of the referent. More info: https://kubernetes.io/docs/concepts/overview/working-with-objects/names/#names","description_kind":"plain","required":true},"optional":{"type":"bool","description":"Specify whether the Secret must be defined","description_kind":"plain","optional":true}},"description_kind":"plain"},"max_items":1}},"description_kind":"plain"}},"lifecycle":{"nesting_mode":"list","block":{"block_types":{"post_start":{"nesting_mode":"list","block":{"block_types":{"exec":{"nesting_mode":"list","block":{"attributes":{"command":{"type":["list","string"],"description":"Command is the command line to execute inside the container, the working directory for the command is root ('/') in the container's filesystem. The command is simply exec'd, it is not run inside a shell, so traditional shell instructions. To use a shell, you need to explicitly call out to that shell. Exit status of 0 is treated as live/healthy and non-zero is unhealthy.","description_kind":"plain","optional":true}},"description_kind":"plain"},"max_items":1},"http_get":{"nesting_mode":"list","block":{"attributes":{"host":{"type":"string","description":"Host name to connect to, defaults to the pod IP. You probably want to set \"Host\" in httpHeaders instead.","description_kind":"plain","optional":true},"path":{"type":"string","description":"Path to access on the HTTP server.","description_kind":"plain","optional":true},"port":{"type":"string","description":"Name or number of the port to access on the container. Number must be in the range 1 to 65535. Name must be an IANA_SVC_NAME.","description_kind":"plain","optional":true},"scheme":{"type":"string","description":"Scheme to use for connecting to the host.","description_kind":"plain","optional":true}},"block_types":{"http_header":{"nesting_mode":"list","block":{"attributes":{"name":{"type":"string","description":"The header field name","description_kind":"plain","optional":true},"value":{"type":"string","description":"The header field value","description_kind":"plain","optional":true}},"description_kind":"plain"}}},"description_kind":"plain"},"max_items":1},"tcp_socket":{"nesting_mode":"list","block":{"attributes":{"port":{"type":"string","description":"Number or name of the port to access on the container. Number must be in the range 1 to 65535. Name must be an IANA_SVC_NAME.","description_kind":"plain","required":true}},"description_kind":"plain"}}},"description_kind":"plain"}},"pre_stop":{"nesting_mode":"list","block":{"block_types":{"exec":{"nesting_mode":"list","block":{"attributes":{"command":{"type":["list","string"],"description":"Command is the command line to execute inside the container, the working directory for the command is root ('/') in the container's filesystem. The command is simply exec'd, it is not run inside a shell, so traditional shell instructions. To use a shell, you need to explicitly call out to that shell. Exit status of 0 is treated as live/healthy and non-zero is unhealthy.","description_kind":"plain","optional":true}},"description_kind":"plain"},"max_items":1},"http_get":{"nesting_mode":"list","block":{"attributes":{"host":{"type":"string","description":"Host name to connect to, defaults to the pod IP. You probably want to set \"Host\" in httpHeaders instead.","description_kind":"plain","optional":true},"path":{"type":"string","description":"Path to access on the HTTP server.","description_kind":"plain","optional":true},"port":{"type":"string","description":"Name or number of the port to access on the container. Number must be in the range 1 to 65535. Name must be an IANA_SVC_NAME.","description_kind":"plain","optional":true},"scheme":{"type":"string","description":"Scheme to use for connecting to the host.","description_kind":"plain","optional":true}},"block_types":{"http_header":{"nesting_mode":"list","block":{"attributes":{"name":{"type":"string","description":"The header field name","description_kind":"plain","optional":true},"value":{"type":"string","description":"The header field value","description_kind":"plain","optional":true}},"description_kind":"plain"}}},"description_kind":"plain"},"max_items":1},"tcp_socket":{"nesting_mode":"list","block":{"attributes":{"port":{"type":"string","description":"Number or name of the port to access on the container. Number must be in the range 1 to 65535. Name must be an IANA_SVC_NAME.","description_kind":"plain","required":true}},"description_kind":"plain"}}},"description_kind":"plain"}}},"description_kind":"plain"},"max_items":1},"liveness_probe":{"nesting_mode":"list","block":{"attributes":{"failure_threshold":{"type":"number","description":"Minimum consecutive failures for the probe to be considered failed after having succeeded.","description_kind":"plain","optional":true},"initial_delay_seconds":{"type":"number","description":"Number of seconds after the container has started before liveness probes are initiated. More info: http://kubernetes.io/docs/user-guide/pod-states#container-probes","description_kind":"plain","optional":true},"period_seconds":{"type":"number","description":"How often (in seconds) to perform the probe","description_kind":"plain","optional":true},"success_threshold":{"type":"number","description":"Minimum consecutive successes for the probe to be considered successful after having failed.","description_kind":"plain","optional":true},"timeout_seconds":{"type":"number","description":"Number of seconds after which the probe times out. More info: http://kubernetes.io/docs/user-guide/pod-states#container-probes","description_kind":"plain","optional":true}},"block_types":{"exec":{"nesting_mode":"list","block":{"attributes":{"command":{"type":["list","string"],"description":"Command is the command line to execute inside the container, the working directory for the command is root ('/') in the container's filesystem. The command is simply exec'd, it is not run inside a shell, so traditional shell instructions. To use a shell, you need to explicitly call out to that shell. Exit status of 0 is treated as live/healthy and non-zero is unhealthy.","description_kind":"plain","optional":true}},"description_kind":"plain"},"max_items":1},"http_get":{"nesting_mode":"list","block":{"attributes":{"host":{"type":"string","description":"Host name to connect to, defaults to the pod IP. You probably want to set \"Host\" in httpHeaders instead.","description_kind":"plain","optional":true},"path":{"type":"string","description":"Path to access on the HTTP server.","description_kind":"plain","optional":true},"port":{"type":"string","description":"Name or number of the port to access on the container. Number must be in the range 1 to 65535. Name must be an IANA_SVC_NAME.","description_kind":"plain","optional":true},"scheme":{"type":"string","description":"Scheme to use for connecting to the host.","description_kind":"plain","optional":true}},"block_types":{"http_header":{"nesting_mode":"list","block":{"attributes":{"name":{"type":"string","description":"The header field name","description_kind":"plain","optional":true},"value":{"type":"string","description":"The header field value","description_kind":"plain","optional":true}},"description_kind":"plain"}}},"description_kind":"plain"},"max_items":1},"tcp_socket":{"nesting_mode":"list","block":{"attributes":{"port":{"type":"string","description":"Number or name of the port to access on the container. Number must be in the range 1 to 65535. Name must be an IANA_SVC_NAME.","description_kind":"plain","required":true}},"description_kind":"plain"}}},"description_kind":"plain"},"max_items":1},"port":{"nesting_mode":"list","block":{"attributes":{"container_port":{"type":"number","description":"Number of port to expose on the pod's IP address. This must be a valid port number, 0 \u003c x \u003c 65536.","description_kind":"plain","required":true},"host_ip":{"type":"string","description":"What host IP to bind the external port to.","description_kind":"plain","optional":true},"host_port":{"type":"number","description":"Number of port to expose on the host. If specified, this must be a valid port number, 0 \u003c x \u003c 65536. If HostNetwork is specified, this must match ContainerPort. Most containers do not need this.","description_kind":"plain","optional":true},"name":{"type":"string","description":"If specified, this must be an IANA_SVC_NAME and unique within the pod. Each named port in a pod must have a unique name. Name for the port that can be referred to by services","description_kind":"plain","optional":true},"protocol":{"type":"string","description":"Protocol for port. Must be UDP or TCP. Defaults to \"TCP\".","description_kind":"plain","optional":true}},"description_kind":"plain"}},"readiness_probe":{"nesting_mode":"list","block":{"attributes":{"failure_threshold":{"type":"number","description":"Minimum consecutive failures for the probe to be considered failed after having succeeded.","description_kind":"plain","optional":true},"initial_delay_seconds":{"type":"number","description":"Number of seconds after the container has started before liveness probes are initiated. More info: http://kubernetes.io/docs/user-guide/pod-states#container-probes","description_kind":"plain","optional":true},"period_seconds":{"type":"number","description":"How often (in seconds) to perform the probe","description_kind":"plain","optional":true},"success_threshold":{"type":"number","description":"Minimum consecutive successes for the probe to be considered successful after having failed.","description_kind":"plain","optional":true},"timeout_seconds":{"type":"number","description":"Number of seconds after which the probe times out. More info: http://kubernetes.io/docs/user-guide/pod-states#container-probes","description_kind":"plain","optional":true}},"block_types":{"exec":{"nesting_mode":"list","block":{"attributes":{"command":{"type":["list","string"],"description":"Command is the command line to execute inside the container, the working directory for the command is root ('/') in the container's filesystem. The command is simply exec'd, it is not run inside a shell, so traditional shell instructions. To use a shell, you need to explicitly call out to that shell. Exit status of 0 is treated as live/healthy and non-zero is unhealthy.","description_kind":"plain","optional":true}},"description_kind":"plain"},"max_items":1},"http_get":{"nesting_mode":"list","block":{"attributes":{"host":{"type":"string","description":"Host name to connect to, defaults to the pod IP. You probably want to set \"Host\" in httpHeaders instead.","description_kind":"plain","optional":true},"path":{"type":"string","description":"Path to access on the HTTP server.","description_kind":"plain","optional":true},"port":{"type":"string","description":"Name or number of the port to access on the container. Number must be in the range 1 to 65535. Name must be an IANA_SVC_NAME.","description_kind":"plain","optional":true},"scheme":{"type":"string","description":"Scheme to use for connecting to the host.","description_kind":"plain","optional":true}},"block_types":{"http_header":{"nesting_mode":"list","block":{"attributes":{"name":{"type":"string","description":"The header field name","description_kind":"plain","optional":true},"value":{"type":"string","description":"The header field value","description_kind":"plain","optional":true}},"description_kind":"plain"}}},"description_kind":"plain"},"max_items":1},"tcp_socket":{"nesting_mode":"list","block":{"attributes":{"port":{"type":"string","description":"Number or name of the port to access on the container. Number must be in the range 1 to 65535. Name must be an IANA_SVC_NAME.","description_kind":"plain","required":true}},"description_kind":"plain"}}},"description_kind":"plain"},"max_items":1},"resources":{"nesting_mode":"list","block":{"block_types":{"limits":{"nesting_mode":"list","block":{"attributes":{"cpu":{"type":"string","description_kind":"plain","optional":true,"computed":true},"memory":{"type":"string","description_kind":"plain","optional":true,"computed":true}},"description_kind":"plain"},"max_items":1},"requests":{"nesting_mode":"list","block":{"attributes":{"cpu":{"type":"string","description_kind":"plain","optional":true,"computed":true},"memory":{"type":"string","description_kind":"plain","optional":true,"computed":true}},"description_kind":"plain"},"max_items":1}},"description_kind":"plain"},"max_items":1},"security_context":{"nesting_mode":"list","block":{"attributes":{"allow_privilege_escalation":{"type":"bool","description":"AllowPrivilegeEscalation controls whether a process can gain more privileges than its parent process. This bool directly controls if the no_new_privs flag will be set on the container process. AllowPrivilegeEscalation is true always when the container is: 1) run as Privileged 2) has CAP_SYS_ADMIN","description_kind":"plain","optional":true},"privileged":{"type":"bool","description":"Run container in privileged mode. Processes in privileged containers are essentially equivalent to root on the host. Defaults to false.","description_kind":"plain","optional":true},"read_only_root_filesystem":{"type":"bool","description":"Whether this container has a read-only root filesystem. Default is false.","description_kind":"plain","optional":true},"run_as_group":{"type":"number","description":"The GID to run the entrypoint of the container process. Uses runtime default if unset. May also be set in PodSecurityContext. If set in both SecurityContext and PodSecurityContext, the value specified in SecurityContext takes precedence.","description_kind":"plain","optional":true},"run_as_non_root":{"type":"bool","description":"Indicates that the container must run as a non-root user. If true, the Kubelet will validate the image at runtime to ensure that it does not run as UID 0 (root) and fail to start the container if it does. If unset or false, no such validation will be performed. May also be set in PodSecurityContext. If set in both SecurityContext and PodSecurityContext, the value specified in SecurityContext takes precedence.","description_kind":"plain","optional":true},"run_as_user":{"type":"number","description":"The UID to run the entrypoint of the container process. Defaults to user specified in image metadata if unspecified. May also be set in PodSecurityContext. If set in both SecurityContext and PodSecurityContext, the value specified in SecurityContext takes precedence.","description_kind":"plain","optional":true}},"block_types":{"capabilities":{"nesting_mode":"list","block":{"attributes":{"add":{"type":["list","string"],"description":"Added capabilities","description_kind":"plain","optional":true},"drop":{"type":["list","string"],"description":"Removed capabilities","description_kind":"plain","optional":true}},"description_kind":"plain"},"max_items":1},"se_linux_options":{"nesting_mode":"list","block":{"attributes":{"level":{"type":"string","description":"Level is SELinux level label that applies to the container.","description_kind":"plain","optional":true},"role":{"type":"string","description":"Role is a SELinux role label that applies to the container.","description_kind":"plain","optional":true},"type":{"type":"string","description":"Type is a SELinux type label that applies to the container.","description_kind":"plain","optional":true},"user":{"type":"string","description":"User is a SELinux user label that applies to the container.","description_kind":"plain","optional":true}},"description_kind":"plain"},"max_items":1}},"description_kind":"plain"},"max_items":1},"volume_mount":{"nesting_mode":"list","block":{"attributes":{"mount_path":{"type":"string","description":"Path within the container at which the volume should be mounted. Must not contain ':'.","description_kind":"plain","required":true},"mount_propagation":{"type":"string","description":"Mount propagation mode. mount_propagation determines how mounts are propagated from the host to container and the other way around. Valid values are None (default), HostToContainer and Bidirectional.","description_kind":"plain","optional":true},"name":{"type":"string","description":"This must match the Name of a Volume.","description_kind":"plain","required":true},"read_only":{"type":"bool","description":"Mounted read-only if true, read-write otherwise (false or unspecified). Defaults to false.","description_kind":"plain","optional":true},"sub_path":{"type":"string","description":"Path within the volume from which the container's volume should be mounted. Defaults to \"\" (volume's root).","description_kind":"plain","optional":true}},"description_kind":"plain"}}},"description_kind":"plain"}},"resources":{"nesting_mode":"list","block":{"block_types":{"limits":{"nesting_mode":"list","block":{"attributes":{"cpu":{"type":"string","description_kind":"plain","optional":true,"computed":true},"memory":{"type":"string","description_kind":"plain","optional":true,"computed":true}},"description_kind":"plain"},"max_items":1},"requests":{"nesting_mode":"list","block":{"attributes":{"cpu":{"type":"string","description_kind":"plain","optional":true,"computed":true},"memory":{"type":"string","description_kind":"plain","optional":true,"computed":true}},"description_kind":"plain"},"max_items":1}},"description_kind":"plain"},"max_items":1},"security_context":{"nesting_mode":"list","block":{"attributes":{"fs_group":{"type":"number","description":"A special supplemental group that applies to all containers in a pod. Some volume types allow the Kubelet to change the ownership of that volume to be owned by the pod: 1. The owning GID will be the FSGroup 2. The setgid bit is set (new files created in the volume will be owned by FSGroup) 3. The permission bits are OR'd with rw-rw---- If unset, the Kubelet will not modify the ownership and permissions of any volume.","description_kind":"plain","optional":true},"run_as_group":{"type":"number","description":"The GID to run the entrypoint of the container process. Uses runtime default if unset. May also be set in SecurityContext. If set in both SecurityContext and PodSecurityContext, the value specified in SecurityContext takes precedence for that container.","description_kind":"plain","optional":true},"run_as_non_root":{"type":"bool","description":"Indicates that the container must run as a non-root user. If true, the Kubelet will validate the image at runtime to ensure that it does not run as UID 0 (root) and fail to start the container if it does. If unset or false, no such validation will be performed. May also be set in SecurityContext. If set in both SecurityContext and PodSecurityContext, the value specified in SecurityContext takes precedence.","description_kind":"plain","optional":true},"run_as_user":{"type":"number","description":"The UID to run the entrypoint of the container process. Defaults to user specified in image metadata if unspecified. May also be set in SecurityContext. If set in both SecurityContext and PodSecurityContext, the value specified in SecurityContext takes precedence for that container.","description_kind":"plain","optional":true},"supplemental_groups":{"type":["set","number"],"description":"A list of groups applied to the first process run in each container, in addition to the container's primary GID. If unspecified, no groups will be added to any container.","description_kind":"plain","optional":true}},"block_types":{"se_linux_options":{"nesting_mode":"list","block":{"attributes":{"level":{"type":"string","description":"Level is SELinux level label that applies to the container.","description_kind":"plain","optional":true},"role":{"type":"string","description":"Role is a SELinux role label that applies to the container.","description_kind":"plain","optional":true},"type":{"type":"string","description":"Type is a SELinux type label that applies to the container.","description_kind":"plain","optional":true},"user":{"type":"string","description":"User is a SELinux user label that applies to the container.","description_kind":"plain","optional":true}},"description_kind":"plain"},"max_items":1}},"description_kind":"plain"},"max_items":1},"toleration":{"nesting_mode":"list","block":{"attributes":{"effect":{"type":"string","description":"Effect indicates the taint effect to match. Empty means match all taint effects. When specified, allowed values are NoSchedule, PreferNoSchedule and NoExecute.","description_kind":"plain","optional":true},"key":{"type":"string","description":"Key is the taint key that the toleration applies to. Empty means match all taint keys. If the key is empty, operator must be Exists; this combination means to match all values and all keys.","description_kind":"plain","optional":true},"operator":{"type":"string","description":"Operator represents a key's relationship to the value. Valid operators are Exists and Equal. Defaults to Equal. Exists is equivalent to wildcard for value, so that a pod can tolerate all taints of a particular category.","description_kind":"plain","optional":true},"toleration_seconds":{"type":"string","description":"TolerationSeconds represents the period of time the toleration (which must be of effect NoExecute, otherwise this field is ignored) tolerates the taint. By default, it is not set, which means tolerate the taint forever (do not evict). Zero and negative values will be treated as 0 (evict immediately) by the system.","description_kind":"plain","optional":true},"value":{"type":"string","description":"Value is the taint value the toleration matches to. If the operator is Exists, the value should be empty, otherwise just a regular string.","description_kind":"plain","optional":true}},"description_kind":"plain"}},"volume":{"nesting_mode":"list","block":{"attributes":{"name":{"type":"string","description":"Volume's name. Must be a DNS_LABEL and unique within the pod. More info: http://kubernetes.io/docs/user-guide/identifiers#names","description_kind":"plain","optional":true}},"block_types":{"aws_elastic_block_store":{"nesting_mode":"list","block":{"attributes":{"fs_type":{"type":"string","description":"Filesystem type of the volume that you want to mount. Tip: Ensure that the filesystem type is supported by the host operating system. Examples: \"ext4\", \"xfs\", \"ntfs\". Implicitly inferred to be \"ext4\" if unspecified. More info: http://kubernetes.io/docs/user-guide/volumes#awselasticblockstore","description_kind":"plain","optional":true},"partition":{"type":"number","description":"The partition in the volume that you want to mount. If omitted, the default is to mount by volume name. Examples: For volume /dev/sda1, you specify the partition as \"1\". Similarly, the volume partition for /dev/sda is \"0\" (or you can leave the property empty).","description_kind":"plain","optional":true},"read_only":{"type":"bool","description":"Whether to set the read-only property in VolumeMounts to \"true\". If omitted, the default is \"false\". More info: http://kubernetes.io/docs/user-guide/volumes#awselasticblockstore","description_kind":"plain","optional":true},"volume_id":{"type":"string","description":"Unique ID of the persistent disk resource in AWS (Amazon EBS volume). More info: http://kubernetes.io/docs/user-guide/volumes#awselasticblockstore","description_kind":"plain","required":true}},"description_kind":"plain"},"max_items":1},"azure_disk":{"nesting_mode":"list","block":{"attributes":{"caching_mode":{"type":"string","description":"Host Caching mode: None, Read Only, Read Write.","description_kind":"plain","required":true},"data_disk_uri":{"type":"string","description":"The URI the data disk in the blob storage","description_kind":"plain","required":true},"disk_name":{"type":"string","description":"The Name of the data disk in the blob storage","description_kind":"plain","required":true},"fs_type":{"type":"string","description":"Filesystem type to mount. Must be a filesystem type supported by the host operating system. Ex. \"ext4\", \"xfs\", \"ntfs\". Implicitly inferred to be \"ext4\" if unspecified.","description_kind":"plain","optional":true},"read_only":{"type":"bool","description":"Whether to force the read-only setting in VolumeMounts. Defaults to false (read/write).","description_kind":"plain","optional":true}},"description_kind":"plain"},"max_items":1},"azure_file":{"nesting_mode":"list","block":{"attributes":{"read_only":{"type":"bool","description":"Whether to force the read-only setting in VolumeMounts. Defaults to false (read/write).","description_kind":"plain","optional":true},"secret_name":{"type":"string","description":"The name of secret that contains Azure Storage Account Name and Key","description_kind":"plain","required":true},"share_name":{"type":"string","description":"Share Name","description_kind":"plain","required":true}},"description_kind":"plain"},"max_items":1},"ceph_fs":{"nesting_mode":"list","block":{"attributes":{"monitors":{"type":["set","string"],"description":"Monitors is a collection of Ceph monitors More info: http://releases.k8s.io/HEAD/examples/volumes/cephfs/README.md#how-to-use-it","description_kind":"plain","required":true},"path":{"type":"string","description":"Used as the mounted root, rather than the full Ceph tree, default is /","description_kind":"plain","optional":true},"read_only":{"type":"bool","description":"Whether to force the read-only setting in VolumeMounts. Defaults to `false` (read/write). More info: http://releases.k8s.io/HEAD/examples/volumes/cephfs/README.md#how-to-use-it","description_kind":"plain","optional":true},"secret_file":{"type":"string","description":"The path to key ring for User, default is /etc/ceph/user.secret More info: http://releases.k8s.io/HEAD/examples/volumes/cephfs/README.md#how-to-use-it","description_kind":"plain","optional":true},"user":{"type":"string","description":"User is the rados user name, default is admin. More info: http://releases.k8s.io/HEAD/examples/volumes/cephfs/README.md#how-to-use-it","description_kind":"plain","optional":true}},"block_types":{"secret_ref":{"nesting_mode":"list","block":{"attributes":{"name":{"type":"string","description":"Name of the referent. More info: http://kubernetes.io/docs/user-guide/identifiers#names","description_kind":"plain","optional":true}},"description_kind":"plain"},"max_items":1}},"description_kind":"plain"},"max_items":1},"cinder":{"nesting_mode":"list","block":{"attributes":{"fs_type":{"type":"string","description":"Filesystem type to mount. Must be a filesystem type supported by the host operating system. Examples: \"ext4\", \"xfs\", \"ntfs\". Implicitly inferred to be \"ext4\" if unspecified. More info: http://releases.k8s.io/HEAD/examples/mysql-cinder-pd/README.md","description_kind":"plain","optional":true},"read_only":{"type":"bool","description":"Whether to force the read-only setting in VolumeMounts. Defaults to false (read/write). More info: http://releases.k8s.io/HEAD/examples/mysql-cinder-pd/README.md","description_kind":"plain","optional":true},"volume_id":{"type":"string","description":"Volume ID used to identify the volume in Cinder. More info: http://releases.k8s.io/HEAD/examples/mysql-cinder-pd/README.md","description_kind":"plain","required":true}},"description_kind":"plain"},"max_items":1},"config_map":{"nesting_mode":"list","block":{"attributes":{"default_mode":{"type":"string","description":"Optional: mode bits to use on created files by default. Must be a value between 0 and 0777. Defaults to 0644. Directories within the path are not affected by this setting. This might be in conflict with other options that affect the file mode, like fsGroup, and the result can be other mode bits set.","description_kind":"plain","optional":true},"name":{"type":"string","description":"Name of the referent. More info: http://kubernetes.io/docs/user-guide/identifiers#names","description_kind":"plain","optional":true}},"block_types":{"items":{"nesting_mode":"list","block":{"attributes":{"key":{"type":"string","description":"The key to project.","description_kind":"plain","optional":true},"mode":{"type":"string","description":"Optional: mode bits to use on this file, must be a value between 0 and 0777. If not specified, the volume defaultMode will be used. This might be in conflict with other options that affect the file mode, like fsGroup, and the result can be other mode bits set.","description_kind":"plain","optional":true},"path":{"type":"string","description":"The relative path of the file to map the key to. May not be an absolute path. May not contain the path element '..'. May not start with the string '..'.","description_kind":"plain","optional":true}},"description_kind":"plain"}}},"description_kind":"plain"},"max_items":1},"downward_api":{"nesting_mode":"list","block":{"attributes":{"default_mode":{"type":"string","description":"Optional: mode bits to use on created files by default. Must be a value between 0 and 0777. Defaults to 0644. Directories within the path are not affected by this setting. This might be in conflict with other options that affect the file mode, like fsGroup, and the result can be other mode bits set.","description_kind":"plain","optional":true}},"block_types":{"items":{"nesting_mode":"list","block":{"attributes":{"mode":{"type":"string","description":"Optional: mode bits to use on this file, must be a value between 0 and 0777. If not specified, the volume defaultMode will be used. This might be in conflict with other options that affect the file mode, like fsGroup, and the result can be other mode bits set.","description_kind":"plain","optional":true},"path":{"type":"string","description":"Path is the relative path name of the file to be created. Must not be absolute or contain the '..' path. Must be utf-8 encoded. The first item of the relative path must not start with '..'","description_kind":"plain","required":true}},"block_types":{"field_ref":{"nesting_mode":"list","block":{"attributes":{"api_version":{"type":"string","description":"Version of the schema the FieldPath is written in terms of, defaults to \"v1\".","description_kind":"plain","optional":true},"field_path":{"type":"string","description":"Path of the field to select in the specified API version","description_kind":"plain","optional":true}},"description_kind":"plain"},"min_items":1,"max_items":1},"resource_field_ref":{"nesting_mode":"list","block":{"attributes":{"container_name":{"type":"string","description_kind":"plain","required":true},"quantity":{"type":"string","description_kind":"plain","optional":true},"resource":{"type":"string","description":"Resource to select","description_kind":"plain","required":true}},"description_kind":"plain"},"max_items":1}},"description_kind":"plain"}}},"description_kind":"plain"},"max_items":1},"empty_dir":{"nesting_mode":"list","block":{"attributes":{"medium":{"type":"string","description":"What type of storage medium should back this directory. The default is \"\" which means to use the node's default medium. Must be an empty string (default) or Memory. More info: http://kubernetes.io/docs/user-guide/volumes#emptydir","description_kind":"plain","optional":true}},"description_kind":"plain"},"max_items":1},"fc":{"nesting_mode":"list","block":{"attributes":{"fs_type":{"type":"string","description":"Filesystem type to mount. Must be a filesystem type supported by the host operating system. Ex. \"ext4\", \"xfs\", \"ntfs\". Implicitly inferred to be \"ext4\" if unspecified.","description_kind":"plain","optional":true},"lun":{"type":"number","description":"FC target lun number","description_kind":"plain","required":true},"read_only":{"type":"bool","description":"Whether to force the read-only setting in VolumeMounts. Defaults to false (read/write).","description_kind":"plain","optional":true},"target_ww_ns":{"type":["set","string"],"description":"FC target worldwide names (WWNs)","description_kind":"plain","required":true}},"description_kind":"plain"},"max_items":1},"flex_volume":{"nesting_mode":"list","block":{"attributes":{"driver":{"type":"string","description":"Driver is the name of the driver to use for this volume.","description_kind":"plain","required":true},"fs_type":{"type":"string","description":"Filesystem type to mount. Must be a filesystem type supported by the host operating system. Ex. \"ext4\", \"xfs\", \"ntfs\". The default filesystem depends on FlexVolume script.","description_kind":"plain","optional":true},"options":{"type":["map","string"],"description":"Extra command options if any.","description_kind":"plain","optional":true},"read_only":{"type":"bool","description":"Whether to force the ReadOnly setting in VolumeMounts. Defaults to false (read/write).","description_kind":"plain","optional":true}},"block_types":{"secret_ref":{"nesting_mode":"list","block":{"attributes":{"name":{"type":"string","description":"Name of the referent. More info: http://kubernetes.io/docs/user-guide/identifiers#names","description_kind":"plain","optional":true}},"description_kind":"plain"},"max_items":1}},"description_kind":"plain"},"max_items":1},"flocker":{"nesting_mode":"list","block":{"attributes":{"dataset_name":{"type":"string","description":"Name of the dataset stored as metadata -\u003e name on the dataset for Flocker should be considered as deprecated","description_kind":"plain","optional":true},"dataset_uuid":{"type":"string","description":"UUID of the dataset. This is unique identifier of a Flocker dataset","description_kind":"plain","optional":true}},"description_kind":"plain"},"max_items":1},"gce_persistent_disk":{"nesting_mode":"list","block":{"attributes":{"fs_type":{"type":"string","description":"Filesystem type of the volume that you want to mount. Tip: Ensure that the filesystem type is supported by the host operating system. Examples: \"ext4\", \"xfs\", \"ntfs\". Implicitly inferred to be \"ext4\" if unspecified. More info: http://kubernetes.io/docs/user-guide/volumes#gcepersistentdisk","description_kind":"plain","optional":true},"partition":{"type":"number","description":"The partition in the volume that you want to mount. If omitted, the default is to mount by volume name. Examples: For volume /dev/sda1, you specify the partition as \"1\". Similarly, the volume partition for /dev/sda is \"0\" (or you can leave the property empty). More info: http://kubernetes.io/docs/user-guide/volumes#gcepersistentdisk","description_kind":"plain","optional":true},"pd_name":{"type":"string","description":"Unique name of the PD resource in GCE. Used to identify the disk in GCE. More info: http://kubernetes.io/docs/user-guide/volumes#gcepersistentdisk","description_kind":"plain","required":true},"read_only":{"type":"bool","description":"Whether to force the ReadOnly setting in VolumeMounts. Defaults to false. More info: http://kubernetes.io/docs/user-guide/volumes#gcepersistentdisk","description_kind":"plain","optional":true}},"description_kind":"plain"},"max_items":1},"git_repo":{"nesting_mode":"list","block":{"attributes":{"directory":{"type":"string","description":"Target directory name. Must not contain or start with '..'. If '.' is supplied, the volume directory will be the git repository. Otherwise, if specified, the volume will contain the git repository in the subdirectory with the given name.","description_kind":"plain","optional":true},"repository":{"type":"string","description":"Repository URL","description_kind":"plain","optional":true},"revision":{"type":"string","description":"Commit hash for the specified revision.","description_kind":"plain","optional":true}},"description_kind":"plain"},"max_items":1},"glusterfs":{"nesting_mode":"list","block":{"attributes":{"endpoints_name":{"type":"string","description":"The endpoint name that details Glusterfs topology. More info: http://releases.k8s.io/HEAD/examples/volumes/glusterfs/README.md#create-a-pod","description_kind":"plain","required":true},"path":{"type":"string","description":"The Glusterfs volume path. More info: http://releases.k8s.io/HEAD/examples/volumes/glusterfs/README.md#create-a-pod","description_kind":"plain","required":true},"read_only":{"type":"bool","description":"Whether to force the Glusterfs volume to be mounted with read-only permissions. Defaults to false. More info: http://releases.k8s.io/HEAD/examples/volumes/glusterfs/README.md#create-a-pod","description_kind":"plain","optional":true}},"description_kind":"plain"},"max_items":1},"host_path":{"nesting_mode":"list","block":{"attributes":{"path":{"type":"string","description":"Path of the directory on the host. More info: http://kubernetes.io/docs/user-guide/volumes#hostpath","description_kind":"plain","optional":true},"type":{"type":"string","description":"Type for HostPath volume. Allowed values are \"\" (default), DirectoryOrCreate, Directory, FileOrCreate, File, Socket, CharDevice and BlockDevice","description_kind":"plain","optional":true}},"description_kind":"plain"},"max_items":1},"iscsi":{"nesting_mode":"list","block":{"attributes":{"fs_type":{"type":"string","description":"Filesystem type of the volume that you want to mount. Tip: Ensure that the filesystem type is supported by the host operating system. Examples: \"ext4\", \"xfs\", \"ntfs\". Implicitly inferred to be \"ext4\" if unspecified. More info: http://kubernetes.io/docs/user-guide/volumes#iscsi","description_kind":"plain","optional":true},"iqn":{"type":"string","description":"Target iSCSI Qualified Name.","description_kind":"plain","required":true},"iscsi_interface":{"type":"string","description":"iSCSI interface name that uses an iSCSI transport. Defaults to 'default' (tcp).","description_kind":"plain","optional":true},"lun":{"type":"number","description":"iSCSI target lun number.","description_kind":"plain","optional":true},"read_only":{"type":"bool","description":"Whether to force the read-only setting in VolumeMounts. Defaults to false.","description_kind":"plain","optional":true},"target_portal":{"type":"string","description":"iSCSI target portal. The portal is either an IP or ip_addr:port if the port is other than default (typically TCP ports 860 and 3260).","description_kind":"plain","required":true}},"description_kind":"plain"},"max_items":1},"local":{"nesting_mode":"list","block":{"attributes":{"path":{"type":"string","description":"Path of the directory on the host. More info: http://kubernetes.io/docs/user-guide/volumes#local","description_kind":"plain","optional":true}},"description_kind":"plain"},"max_items":1},"nfs":{"nesting_mode":"list","block":{"attributes":{"path":{"type":"string","description":"Path that is exported by the NFS server. More info: http://kubernetes.io/docs/user-guide/volumes#nfs","description_kind":"plain","required":true},"read_only":{"type":"bool","description":"Whether to force the NFS export to be mounted with read-only permissions. Defaults to false. More info: http://kubernetes.io/docs/user-guide/volumes#nfs","description_kind":"plain","optional":true},"server":{"type":"string","description":"Server is the hostname or IP address of the NFS server. More info: http://kubernetes.io/docs/user-guide/volumes#nfs","description_kind":"plain","required":true}},"description_kind":"plain"},"max_items":1},"persistent_volume_claim":{"nesting_mode":"list","block":{"attributes":{"claim_name":{"type":"string","description":"ClaimName is the name of a PersistentVolumeClaim in the same ","description_kind":"plain","optional":true},"read_only":{"type":"bool","description":"Will force the ReadOnly setting in VolumeMounts.","description_kind":"plain","optional":true}},"description_kind":"plain"},"max_items":1},"photon_persistent_disk":{"nesting_mode":"list","block":{"attributes":{"fs_type":{"type":"string","description":"Filesystem type to mount. Must be a filesystem type supported by the host operating system. Ex. \"ext4\", \"xfs\", \"ntfs\". Implicitly inferred to be \"ext4\" if unspecified.","description_kind":"plain","optional":true},"pd_id":{"type":"string","description":"ID that identifies Photon Controller persistent disk","description_kind":"plain","required":true}},"description_kind":"plain"},"max_items":1},"quobyte":{"nesting_mode":"list","block":{"attributes":{"group":{"type":"string","description":"Group to map volume access to Default is no group","description_kind":"plain","optional":true},"read_only":{"type":"bool","description":"Whether to force the Quobyte volume to be mounted with read-only permissions. Defaults to false.","description_kind":"plain","optional":true},"registry":{"type":"string","description":"Registry represents a single or multiple Quobyte Registry services specified as a string as host:port pair (multiple entries are separated with commas) which acts as the central registry for volumes","description_kind":"plain","required":true},"user":{"type":"string","description":"User to map volume access to Defaults to serivceaccount user","description_kind":"plain","optional":true},"volume":{"type":"string","description":"Volume is a string that references an already created Quobyte volume by name.","description_kind":"plain","required":true}},"description_kind":"plain"},"max_items":1},"rbd":{"nesting_mode":"list","block":{"attributes":{"ceph_monitors":{"type":["set","string"],"description":"A collection of Ceph monitors. More info: http://releases.k8s.io/HEAD/examples/volumes/rbd/README.md#how-to-use-it","description_kind":"plain","required":true},"fs_type":{"type":"string","description":"Filesystem type of the volume that you want to mount. Tip: Ensure that the filesystem type is supported by the host operating system. Examples: \"ext4\", \"xfs\", \"ntfs\". Implicitly inferred to be \"ext4\" if unspecified. More info: http://kubernetes.io/docs/user-guide/volumes#rbd","description_kind":"plain","optional":true},"keyring":{"type":"string","description":"Keyring is the path to key ring for RBDUser. Default is /etc/ceph/keyring. More info: http://releases.k8s.io/HEAD/examples/volumes/rbd/README.md#how-to-use-it","description_kind":"plain","optional":true,"computed":true},"rados_user":{"type":"string","description":"The rados user name. Default is admin. More info: http://releases.k8s.io/HEAD/examples/volumes/rbd/README.md#how-to-use-it","description_kind":"plain","optional":true},"rbd_image":{"type":"string","description":"The rados image name. More info: http://releases.k8s.io/HEAD/examples/volumes/rbd/README.md#how-to-use-it","description_kind":"plain","required":true},"rbd_pool":{"type":"string","description":"The rados pool name. Default is rbd. More info: http://releases.k8s.io/HEAD/examples/volumes/rbd/README.md#how-to-use-it.","description_kind":"plain","optional":true},"read_only":{"type":"bool","description":"Whether to force the read-only setting in VolumeMounts. Defaults to false. More info: http://releases.k8s.io/HEAD/examples/volumes/rbd/README.md#how-to-use-it","description_kind":"plain","optional":true}},"block_types":{"secret_ref":{"nesting_mode":"list","block":{"attributes":{"name":{"type":"string","description":"Name of the referent. More info: http://kubernetes.io/docs/user-guide/identifiers#names","description_kind":"plain","optional":true}},"description_kind":"plain"},"max_items":1}},"description_kind":"plain"},"max_items":1},"secret":{"nesting_mode":"list","block":{"attributes":{"default_mode":{"type":"string","description":"Optional: mode bits to use on created files by default. Must be a value between 0 and 0777. Defaults to 0644. Directories within the path are not affected by this setting. This might be in conflict with other options that affect the file mode, like fsGroup, and the result can be other mode bits set.","description_kind":"plain","optional":true},"optional":{"type":"bool","description":"Optional: Specify whether the Secret or it's keys must be defined.","description_kind":"plain","optional":true},"secret_name":{"type":"string","description":"Name of the secret in the pod's namespace to use. More info: http://kubernetes.io/docs/user-guide/volumes#secrets","description_kind":"plain","optional":true}},"block_types":{"items":{"nesting_mode":"list","block":{"attributes":{"key":{"type":"string","description":"The key to project.","description_kind":"plain","optional":true},"mode":{"type":"string","description":"Optional: mode bits to use on this file, must be a value between 0 and 0777. If not specified, the volume defaultMode will be used. This might be in conflict with other options that affect the file mode, like fsGroup, and the result can be other mode bits set.","description_kind":"plain","optional":true},"path":{"type":"string","description":"The relative path of the file to map the key to. May not be an absolute path. May not contain the path element '..'. May not start with the string '..'.","description_kind":"plain","optional":true}},"description_kind":"plain"}}},"description_kind":"plain"},"max_items":1},"vsphere_volume":{"nesting_mode":"list","block":{"attributes":{"fs_type":{"type":"string","description":"Filesystem type to mount. Must be a filesystem type supported by the host operating system. Ex. \"ext4\", \"xfs\", \"ntfs\". Implicitly inferred to be \"ext4\" if unspecified.","description_kind":"plain","optional":true},"volume_path":{"type":"string","description":"Path that identifies vSphere volume vmdk","description_kind":"plain","required":true}},"description_kind":"plain"},"max_items":1}},"description_kind":"plain"}},"volume_mount":{"nesting_mode":"list","block":{"attributes":{"mount_path":{"type":"string","description":"Path within the container at which the volume should be mounted. Must not contain ':'.","description_kind":"plain","required":true},"mount_propagation":{"type":"string","description":"Mount propagation mode. mount_propagation determines how mounts are propagated from the host to container and the other way around. Valid values are None (default), HostToContainer and Bidirectional.","description_kind":"plain","optional":true},"name":{"type":"string","description":"This must match the Name of a Volume.","description_kind":"plain","required":true},"read_only":{"type":"bool","description":"Mounted read-only if true, read-write otherwise (false or unspecified). Defaults to false.","description_kind":"plain","optional":true},"sub_path":{"type":"string","description":"Path within the volume from which the container's volume should be mounted. Defaults to \"\" (volume's root).","description_kind":"plain","optional":true}},"description_kind":"plain"}}},"description_kind":"plain"},"min_items":1,"max_items":1}},"description_kind":"plain"}},"po_prometheus":{"version":0,"block":{"attributes":{"id":{"type":"string","description_kind":"plain","optional":true,"computed":true}},"block_types":{"metadata":{"nesting_mode":"list","block":{"attributes":{"annotations":{"type":["map","string"],"description":"An unstructured key value map stored with the prometheus that may be used to store arbitrary metadata. More info: http://kubernetes.io/docs/user-guide/annotations","description_kind":"plain","optional":true},"generate_name":{"type":"string","description":"Prefix, used by the server, to generate a unique name ONLY IF the `name` field has not been provided. This value will also be combined with a unique suffix. Read more: https://github.com/kubernetes/community/blob/master/contributors/devel/sig-architecture/api-conventions.md#idempotency","description_kind":"plain","optional":true},"generation":{"type":"number","description":"A sequence number representing a specific generation of the desired state.","description_kind":"plain","computed":true},"labels":{"type":["map","string"],"description":"Map of string keys and values that can be used to organize and categorize (scope and select) the prometheus. May match selectors of replication controllers and services. More info: http://kubernetes.io/docs/user-guide/labels","description_kind":"plain","optional":true},"name":{"type":"string","description":"Name of the prometheus, must be unique. Cannot be updated. More info: http://kubernetes.io/docs/user-guide/identifiers#names","description_kind":"plain","optional":true,"computed":true},"namespace":{"type":"string","description":"Namespace defines the space within which name of the prometheus must be unique.","description_kind":"plain","optional":true},"resource_version":{"type":"string","description":"An opaque value that represents the internal version of this prometheus that can be used by clients to determine when prometheus has changed. Read more: https://github.com/kubernetes/community/blob/master/contributors/devel/sig-architecture/api-conventions.md#concurrency-control-and-consistency","description_kind":"plain","computed":true},"self_link":{"type":"string","description":"A URL representing this prometheus.","description_kind":"plain","computed":true},"uid":{"type":"string","description":"The unique in time and space value for this prometheus. More info: http://kubernetes.io/docs/user-guide/identifiers#uids","description_kind":"plain","computed":true}},"description_kind":"plain"},"min_items":1,"max_items":1},"spec":{"nesting_mode":"list","block":{"attributes":{"base_image":{"type":"string","description":"Base image that is used to deploy pods, without tag. More info: https://github.com/coreos/prometheus-operator/blob/master/Documentation/api.md#alertmanager","description_kind":"plain","optional":true},"config_maps":{"type":["list","string"],"description":"ConfigMaps is a list of ConfigMaps in the same namespace as the Prometheus object, which shall be mounted into the Prometheus Pods. The ConfigMaps are mounted into /etc/prometheus/configmaps/.","description_kind":"plain","optional":true},"external_url":{"type":"string","description":"The external URL the Prometheus instances will be available under. This is necessary to generate correct URLs. This is necessary if Prometheus is not served from root of a DNS name. More info: https://github.com/coreos/prometheus-operator/blob/master/Documentation/api.md#alertmanager","description_kind":"plain","optional":true},"image":{"type":"string","description":"Image if specified has precedence over baseImage, tag and sha combinations. Specifying the version is still necessary to ensure the Prometheus Operator knows what version of Alertmanager is being configured.","description_kind":"plain","optional":true},"listen_local":{"type":"bool","description":"ListenLocal makes the Alertmanager server listen on loopback. More info: https://github.com/coreos/prometheus-operator/blob/master/Documentation/api.md#alertmanager","description_kind":"plain","optional":true},"node_selector":{"type":["map","string"],"description":"Define which Nodes the Alertmanager Pods are scheduled on. More info: https://github.com/coreos/prometheus-operator/blob/master/Documentation/api.md#alertmanager","description_kind":"plain","optional":true},"paused":{"type":"bool","description":"If set to true all actions on the underlaying managed objects are not goint to be performed, except for delete actions. More info: https://github.com/coreos/prometheus-operator/blob/master/Documentation/api.md#alertmanager","description_kind":"plain","optional":true},"port_name":{"type":"string","description":"Port name used for the pods and governing service. More info: https://github.com/coreos/prometheus-operator/blob/master/Documentation/api.md#alertmanager","description_kind":"plain","optional":true},"priority_class_name":{"type":"string","description":"Priority class assigned to the alertmanager Pods. More info: https://github.com/coreos/prometheus-operator/blob/master/Documentation/api.md#alertmanager","description_kind":"plain","optional":true},"replicas":{"type":"number","description":"The number of desired replicas. Defaults to 2.","description_kind":"plain","optional":true},"retention":{"type":"string","description":"Time duration Prometheus shall retain data for. Default is '24h', and must match the regular expression [0-9]+(ms|s|m|h|d|w|y) (milliseconds seconds minutes hours days weeks years)","description_kind":"plain","optional":true},"retention_size":{"type":"string","description":"Maximum amount of disk space used by blocks.","description_kind":"plain","optional":true},"secrets":{"type":["list","string"],"description":"Secrets is a list of Secrets in the same namespace as the Prometheus object, which shall be mounted into the Prometheus Pods. The Secrets are mounted into /etc/prometheus/secrets/.","description_kind":"plain","optional":true},"service_account_name":{"type":"string","description":"ServiceAccountName is the name of the ServiceAccount to use to run the Alertmanager Pods. More info: https://github.com/coreos/prometheus-operator/blob/master/Documentation/api.md#alertmanager","description_kind":"plain","optional":true},"sha":{"type":"string","description":"SHA of Alertmanager container image to be deployed. Defaults to the value of version. Similar to a tag, but the SHA explicitly deploys an immutable container image. Version and Tag are ignored if SHA is set.","description_kind":"plain","optional":true},"tag":{"type":"string","description":"Tag of Alertmanager container image to be deployed. Defaults to the value of version. Version is ignored if Tag is set","description_kind":"plain","optional":true},"version":{"type":"string","description":"Prometheus version to be used.","description_kind":"plain","optional":true}},"block_types":{"alerting":{"nesting_mode":"list","block":{"block_types":{"alertmanagers":{"nesting_mode":"list","block":{"attributes":{"api_version":{"type":"string","description":"Version of the Alertmanager API that Prometheus uses to send alerts. It can be 'v1' or 'v2'.","description_kind":"plain","optional":true},"bearer_token_file":{"type":"string","description":"BearerTokenFile to read from filesystem to use when authenticating to Alertmanager.","description_kind":"plain","optional":true},"name":{"type":"string","description":"Name of Endpoints object in Namespace.","description_kind":"plain","required":true},"namespace":{"type":"string","description":"Namespace of Endpoints object.","description_kind":"plain","required":true},"path_prefix":{"type":"string","description":"Prefix for the HTTP path alerts are pushed to.","description_kind":"plain","optional":true},"port":{"type":"string","description":"Port the Alertmanager API is exposed on.","description_kind":"plain","required":true},"scheme":{"type":"string","description":"Scheme to use when firing alerts.","description_kind":"plain","optional":true}},"block_types":{"tls_config":{"nesting_mode":"list","block":{"attributes":{"ca_file":{"type":"string","description":"Path to the CA cert in the Prometheus container to use for the targets.","description_kind":"plain","optional":true},"cert_file":{"type":"string","description":"Path to the client cert file in the Prometheus container for the targets.","description_kind":"plain","optional":true},"insecure_skip_verify":{"type":"bool","description":"Disable target certificate validation.","description_kind":"plain","optional":true},"key_file":{"type":"string","description":"Path to the client key file in the Prometheus container for the targets.","description_kind":"plain","optional":true},"server_name":{"type":"string","description":"Used to verify the hostname for the targets.","description_kind":"plain","optional":true}},"block_types":{"ca":{"nesting_mode":"list","block":{"block_types":{"config_map":{"nesting_mode":"list","block":{"attributes":{"key":{"type":"string","description":"The key to select.","description_kind":"plain","optional":true},"name":{"type":"string","description":"Name of the referent. More info: http://kubernetes.io/docs/user-guide/identifiers#names","description_kind":"plain","optional":true}},"description_kind":"plain"},"max_items":1},"secret":{"nesting_mode":"list","block":{"attributes":{"key":{"type":"string","description":"The key of the secret to select from. Must be a valid secret key.","description_kind":"plain","optional":true},"name":{"type":"string","description":"Name of the referent. More info: http://kubernetes.io/docs/user-guide/identifiers#names","description_kind":"plain","optional":true}},"description_kind":"plain"},"max_items":1}},"description_kind":"plain"},"max_items":1},"cert":{"nesting_mode":"list","block":{"block_types":{"config_map":{"nesting_mode":"list","block":{"attributes":{"key":{"type":"string","description":"The key to select.","description_kind":"plain","optional":true},"name":{"type":"string","description":"Name of the referent. More info: http://kubernetes.io/docs/user-guide/identifiers#names","description_kind":"plain","optional":true}},"description_kind":"plain"},"max_items":1},"secret":{"nesting_mode":"list","block":{"attributes":{"key":{"type":"string","description":"The key of the secret to select from. Must be a valid secret key.","description_kind":"plain","optional":true},"name":{"type":"string","description":"Name of the referent. More info: http://kubernetes.io/docs/user-guide/identifiers#names","description_kind":"plain","optional":true}},"description_kind":"plain"},"max_items":1}},"description_kind":"plain"},"max_items":1},"key_secret":{"nesting_mode":"list","block":{"attributes":{"key":{"type":"string","description":"The key of the secret to select from. Must be a valid secret key.","description_kind":"plain","optional":true},"name":{"type":"string","description":"Name of the referent. More info: http://kubernetes.io/docs/user-guide/identifiers#names","description_kind":"plain","optional":true}},"description_kind":"plain"},"max_items":1}},"description_kind":"plain"},"max_items":1}},"description_kind":"plain"}}},"description_kind":"plain"},"max_items":1},"container":{"nesting_mode":"list","block":{"attributes":{"args":{"type":["list","string"],"description":"Arguments to the entrypoint. The docker image's CMD is used if this is not provided. Variable references $(VAR_NAME) are expanded using the container's environment. If a variable cannot be resolved, the reference in the input string will be unchanged. The $(VAR_NAME) syntax can be escaped with a double $$, ie: $$(VAR_NAME). Escaped references will never be expanded, regardless of whether the variable exists or not. Cannot be updated. More info: http://kubernetes.io/docs/user-guide/containers#containers-and-commands","description_kind":"plain","optional":true},"command":{"type":["list","string"],"description":"Entrypoint array. Not executed within a shell. The docker image's ENTRYPOINT is used if this is not provided. Variable references $(VAR_NAME) are expanded using the container's environment. If a variable cannot be resolved, the reference in the input string will be unchanged. The $(VAR_NAME) syntax can be escaped with a double $$, ie: $$(VAR_NAME). Escaped references will never be expanded, regardless of whether the variable exists or not. Cannot be updated. More info: http://kubernetes.io/docs/user-guide/containers#containers-and-commands","description_kind":"plain","optional":true},"image":{"type":"string","description":"Docker image name. More info: http://kubernetes.io/docs/user-guide/images","description_kind":"plain","optional":true},"image_pull_policy":{"type":"string","description":"Image pull policy. One of Always, Never, IfNotPresent. Defaults to Always if :latest tag is specified, or IfNotPresent otherwise. Cannot be updated. More info: http://kubernetes.io/docs/user-guide/images#updating-images","description_kind":"plain","optional":true,"computed":true},"name":{"type":"string","description":"Name of the container specified as a DNS_LABEL. Each container in a pod must have a unique name (DNS_LABEL). Cannot be updated.","description_kind":"plain","required":true},"stdin":{"type":"bool","description":"Whether this container should allocate a buffer for stdin in the container runtime. If this is not set, reads from stdin in the container will always result in EOF. ","description_kind":"plain","optional":true},"stdin_once":{"type":"bool","description":"Whether the container runtime should close the stdin channel after it has been opened by a single attach. When stdin is true the stdin stream will remain open across multiple attach sessions. If stdinOnce is set to true, stdin is opened on container start, is empty until the first client attaches to stdin, and then remains open and accepts data until the client disconnects, at which time stdin is closed and remains closed until the container is restarted. If this flag is false, a container processes that reads from stdin will never receive an EOF.","description_kind":"plain","optional":true},"termination_message_path":{"type":"string","description":"Optional: Path at which the file to which the container's termination message will be written is mounted into the container's filesystem. Message written is intended to be brief final status, such as an assertion failure message. Defaults to /dev/termination-log. Cannot be updated.","description_kind":"plain","optional":true},"tty":{"type":"bool","description":"Whether this container should allocate a TTY for itself","description_kind":"plain","optional":true},"working_dir":{"type":"string","description":"Container's working directory. If not specified, the container runtime's default will be used, which might be configured in the container image. Cannot be updated.","description_kind":"plain","optional":true}},"block_types":{"env":{"nesting_mode":"list","block":{"attributes":{"name":{"type":"string","description":"Name of the environment variable. Must be a C_IDENTIFIER","description_kind":"plain","required":true},"value":{"type":"string","description":"Variable references $(VAR_NAME) are expanded using the previous defined environment variables in the container and any service environment variables. If a variable cannot be resolved, the reference in the input string will be unchanged. The $(VAR_NAME) syntax can be escaped with a double $$, ie: $$(VAR_NAME). Escaped references will never be expanded, regardless of whether the variable exists or not. Defaults to \"\".","description_kind":"plain","optional":true}},"block_types":{"value_from":{"nesting_mode":"list","block":{"block_types":{"config_map_key_ref":{"nesting_mode":"list","block":{"attributes":{"key":{"type":"string","description":"The key to select.","description_kind":"plain","optional":true},"name":{"type":"string","description":"Name of the referent. More info: http://kubernetes.io/docs/user-guide/identifiers#names","description_kind":"plain","optional":true}},"description_kind":"plain"},"max_items":1},"field_ref":{"nesting_mode":"list","block":{"attributes":{"api_version":{"type":"string","description":"Version of the schema the FieldPath is written in terms of, defaults to \"v1\".","description_kind":"plain","optional":true},"field_path":{"type":"string","description":"Path of the field to select in the specified API version","description_kind":"plain","optional":true}},"description_kind":"plain"},"max_items":1},"resource_field_ref":{"nesting_mode":"list","block":{"attributes":{"container_name":{"type":"string","description_kind":"plain","optional":true},"resource":{"type":"string","description":"Resource to select","description_kind":"plain","required":true}},"description_kind":"plain"},"max_items":1},"secret_key_ref":{"nesting_mode":"list","block":{"attributes":{"key":{"type":"string","description":"The key of the secret to select from. Must be a valid secret key.","description_kind":"plain","optional":true},"name":{"type":"string","description":"Name of the referent. More info: http://kubernetes.io/docs/user-guide/identifiers#names","description_kind":"plain","optional":true}},"description_kind":"plain"},"max_items":1}},"description_kind":"plain"},"max_items":1}},"description_kind":"plain"}},"env_from":{"nesting_mode":"list","block":{"attributes":{"prefix":{"type":"string","description":"An optional identifer to prepend to each key in the ConfigMap. Must be a C_IDENTIFIER.","description_kind":"plain","optional":true}},"block_types":{"config_map_ref":{"nesting_mode":"list","block":{"attributes":{"name":{"type":"string","description":"Name of the referent. More info: http://kubernetes.io/docs/user-guide/identifiers#names","description_kind":"plain","required":true},"optional":{"type":"bool","description":"Specify whether the ConfigMap must be defined","description_kind":"plain","optional":true}},"description_kind":"plain"},"max_items":1},"secret_ref":{"nesting_mode":"list","block":{"attributes":{"name":{"type":"string","description":"Name of the referent. More info: https://kubernetes.io/docs/concepts/overview/working-with-objects/names/#names","description_kind":"plain","required":true},"optional":{"type":"bool","description":"Specify whether the Secret must be defined","description_kind":"plain","optional":true}},"description_kind":"plain"},"max_items":1}},"description_kind":"plain"}},"lifecycle":{"nesting_mode":"list","block":{"block_types":{"post_start":{"nesting_mode":"list","block":{"block_types":{"exec":{"nesting_mode":"list","block":{"attributes":{"command":{"type":["list","string"],"description":"Command is the command line to execute inside the container, the working directory for the command is root ('/') in the container's filesystem. The command is simply exec'd, it is not run inside a shell, so traditional shell instructions. To use a shell, you need to explicitly call out to that shell. Exit status of 0 is treated as live/healthy and non-zero is unhealthy.","description_kind":"plain","optional":true}},"description_kind":"plain"},"max_items":1},"http_get":{"nesting_mode":"list","block":{"attributes":{"host":{"type":"string","description":"Host name to connect to, defaults to the pod IP. You probably want to set \"Host\" in httpHeaders instead.","description_kind":"plain","optional":true},"path":{"type":"string","description":"Path to access on the HTTP server.","description_kind":"plain","optional":true},"port":{"type":"string","description":"Name or number of the port to access on the container. Number must be in the range 1 to 65535. Name must be an IANA_SVC_NAME.","description_kind":"plain","optional":true},"scheme":{"type":"string","description":"Scheme to use for connecting to the host.","description_kind":"plain","optional":true}},"block_types":{"http_header":{"nesting_mode":"list","block":{"attributes":{"name":{"type":"string","description":"The header field name","description_kind":"plain","optional":true},"value":{"type":"string","description":"The header field value","description_kind":"plain","optional":true}},"description_kind":"plain"}}},"description_kind":"plain"},"max_items":1},"tcp_socket":{"nesting_mode":"list","block":{"attributes":{"port":{"type":"string","description":"Number or name of the port to access on the container. Number must be in the range 1 to 65535. Name must be an IANA_SVC_NAME.","description_kind":"plain","required":true}},"description_kind":"plain"}}},"description_kind":"plain"}},"pre_stop":{"nesting_mode":"list","block":{"block_types":{"exec":{"nesting_mode":"list","block":{"attributes":{"command":{"type":["list","string"],"description":"Command is the command line to execute inside the container, the working directory for the command is root ('/') in the container's filesystem. The command is simply exec'd, it is not run inside a shell, so traditional shell instructions. To use a shell, you need to explicitly call out to that shell. Exit status of 0 is treated as live/healthy and non-zero is unhealthy.","description_kind":"plain","optional":true}},"description_kind":"plain"},"max_items":1},"http_get":{"nesting_mode":"list","block":{"attributes":{"host":{"type":"string","description":"Host name to connect to, defaults to the pod IP. You probably want to set \"Host\" in httpHeaders instead.","description_kind":"plain","optional":true},"path":{"type":"string","description":"Path to access on the HTTP server.","description_kind":"plain","optional":true},"port":{"type":"string","description":"Name or number of the port to access on the container. Number must be in the range 1 to 65535. Name must be an IANA_SVC_NAME.","description_kind":"plain","optional":true},"scheme":{"type":"string","description":"Scheme to use for connecting to the host.","description_kind":"plain","optional":true}},"block_types":{"http_header":{"nesting_mode":"list","block":{"attributes":{"name":{"type":"string","description":"The header field name","description_kind":"plain","optional":true},"value":{"type":"string","description":"The header field value","description_kind":"plain","optional":true}},"description_kind":"plain"}}},"description_kind":"plain"},"max_items":1},"tcp_socket":{"nesting_mode":"list","block":{"attributes":{"port":{"type":"string","description":"Number or name of the port to access on the container. Number must be in the range 1 to 65535. Name must be an IANA_SVC_NAME.","description_kind":"plain","required":true}},"description_kind":"plain"}}},"description_kind":"plain"}}},"description_kind":"plain"},"max_items":1},"liveness_probe":{"nesting_mode":"list","block":{"attributes":{"failure_threshold":{"type":"number","description":"Minimum consecutive failures for the probe to be considered failed after having succeeded.","description_kind":"plain","optional":true},"initial_delay_seconds":{"type":"number","description":"Number of seconds after the container has started before liveness probes are initiated. More info: http://kubernetes.io/docs/user-guide/pod-states#container-probes","description_kind":"plain","optional":true},"period_seconds":{"type":"number","description":"How often (in seconds) to perform the probe","description_kind":"plain","optional":true},"success_threshold":{"type":"number","description":"Minimum consecutive successes for the probe to be considered successful after having failed.","description_kind":"plain","optional":true},"timeout_seconds":{"type":"number","description":"Number of seconds after which the probe times out. More info: http://kubernetes.io/docs/user-guide/pod-states#container-probes","description_kind":"plain","optional":true}},"block_types":{"exec":{"nesting_mode":"list","block":{"attributes":{"command":{"type":["list","string"],"description":"Command is the command line to execute inside the container, the working directory for the command is root ('/') in the container's filesystem. The command is simply exec'd, it is not run inside a shell, so traditional shell instructions. To use a shell, you need to explicitly call out to that shell. Exit status of 0 is treated as live/healthy and non-zero is unhealthy.","description_kind":"plain","optional":true}},"description_kind":"plain"},"max_items":1},"http_get":{"nesting_mode":"list","block":{"attributes":{"host":{"type":"string","description":"Host name to connect to, defaults to the pod IP. You probably want to set \"Host\" in httpHeaders instead.","description_kind":"plain","optional":true},"path":{"type":"string","description":"Path to access on the HTTP server.","description_kind":"plain","optional":true},"port":{"type":"string","description":"Name or number of the port to access on the container. Number must be in the range 1 to 65535. Name must be an IANA_SVC_NAME.","description_kind":"plain","optional":true},"scheme":{"type":"string","description":"Scheme to use for connecting to the host.","description_kind":"plain","optional":true}},"block_types":{"http_header":{"nesting_mode":"list","block":{"attributes":{"name":{"type":"string","description":"The header field name","description_kind":"plain","optional":true},"value":{"type":"string","description":"The header field value","description_kind":"plain","optional":true}},"description_kind":"plain"}}},"description_kind":"plain"},"max_items":1},"tcp_socket":{"nesting_mode":"list","block":{"attributes":{"port":{"type":"string","description":"Number or name of the port to access on the container. Number must be in the range 1 to 65535. Name must be an IANA_SVC_NAME.","description_kind":"plain","required":true}},"description_kind":"plain"}}},"description_kind":"plain"},"max_items":1},"port":{"nesting_mode":"list","block":{"attributes":{"container_port":{"type":"number","description":"Number of port to expose on the pod's IP address. This must be a valid port number, 0 \u003c x \u003c 65536.","description_kind":"plain","required":true},"host_ip":{"type":"string","description":"What host IP to bind the external port to.","description_kind":"plain","optional":true},"host_port":{"type":"number","description":"Number of port to expose on the host. If specified, this must be a valid port number, 0 \u003c x \u003c 65536. If HostNetwork is specified, this must match ContainerPort. Most containers do not need this.","description_kind":"plain","optional":true},"name":{"type":"string","description":"If specified, this must be an IANA_SVC_NAME and unique within the pod. Each named port in a pod must have a unique name. Name for the port that can be referred to by services","description_kind":"plain","optional":true},"protocol":{"type":"string","description":"Protocol for port. Must be UDP or TCP. Defaults to \"TCP\".","description_kind":"plain","optional":true}},"description_kind":"plain"}},"readiness_probe":{"nesting_mode":"list","block":{"attributes":{"failure_threshold":{"type":"number","description":"Minimum consecutive failures for the probe to be considered failed after having succeeded.","description_kind":"plain","optional":true},"initial_delay_seconds":{"type":"number","description":"Number of seconds after the container has started before liveness probes are initiated. More info: http://kubernetes.io/docs/user-guide/pod-states#container-probes","description_kind":"plain","optional":true},"period_seconds":{"type":"number","description":"How often (in seconds) to perform the probe","description_kind":"plain","optional":true},"success_threshold":{"type":"number","description":"Minimum consecutive successes for the probe to be considered successful after having failed.","description_kind":"plain","optional":true},"timeout_seconds":{"type":"number","description":"Number of seconds after which the probe times out. More info: http://kubernetes.io/docs/user-guide/pod-states#container-probes","description_kind":"plain","optional":true}},"block_types":{"exec":{"nesting_mode":"list","block":{"attributes":{"command":{"type":["list","string"],"description":"Command is the command line to execute inside the container, the working directory for the command is root ('/') in the container's filesystem. The command is simply exec'd, it is not run inside a shell, so traditional shell instructions. To use a shell, you need to explicitly call out to that shell. Exit status of 0 is treated as live/healthy and non-zero is unhealthy.","description_kind":"plain","optional":true}},"description_kind":"plain"},"max_items":1},"http_get":{"nesting_mode":"list","block":{"attributes":{"host":{"type":"string","description":"Host name to connect to, defaults to the pod IP. You probably want to set \"Host\" in httpHeaders instead.","description_kind":"plain","optional":true},"path":{"type":"string","description":"Path to access on the HTTP server.","description_kind":"plain","optional":true},"port":{"type":"string","description":"Name or number of the port to access on the container. Number must be in the range 1 to 65535. Name must be an IANA_SVC_NAME.","description_kind":"plain","optional":true},"scheme":{"type":"string","description":"Scheme to use for connecting to the host.","description_kind":"plain","optional":true}},"block_types":{"http_header":{"nesting_mode":"list","block":{"attributes":{"name":{"type":"string","description":"The header field name","description_kind":"plain","optional":true},"value":{"type":"string","description":"The header field value","description_kind":"plain","optional":true}},"description_kind":"plain"}}},"description_kind":"plain"},"max_items":1},"tcp_socket":{"nesting_mode":"list","block":{"attributes":{"port":{"type":"string","description":"Number or name of the port to access on the container. Number must be in the range 1 to 65535. Name must be an IANA_SVC_NAME.","description_kind":"plain","required":true}},"description_kind":"plain"}}},"description_kind":"plain"},"max_items":1},"resources":{"nesting_mode":"list","block":{"block_types":{"limits":{"nesting_mode":"list","block":{"attributes":{"cpu":{"type":"string","description_kind":"plain","optional":true,"computed":true},"memory":{"type":"string","description_kind":"plain","optional":true,"computed":true}},"description_kind":"plain"},"max_items":1},"requests":{"nesting_mode":"list","block":{"attributes":{"cpu":{"type":"string","description_kind":"plain","optional":true,"computed":true},"memory":{"type":"string","description_kind":"plain","optional":true,"computed":true}},"description_kind":"plain"},"max_items":1}},"description_kind":"plain"},"max_items":1},"security_context":{"nesting_mode":"list","block":{"attributes":{"allow_privilege_escalation":{"type":"bool","description":"AllowPrivilegeEscalation controls whether a process can gain more privileges than its parent process. This bool directly controls if the no_new_privs flag will be set on the container process. AllowPrivilegeEscalation is true always when the container is: 1) run as Privileged 2) has CAP_SYS_ADMIN","description_kind":"plain","optional":true},"privileged":{"type":"bool","description":"Run container in privileged mode. Processes in privileged containers are essentially equivalent to root on the host. Defaults to false.","description_kind":"plain","optional":true},"read_only_root_filesystem":{"type":"bool","description":"Whether this container has a read-only root filesystem. Default is false.","description_kind":"plain","optional":true},"run_as_group":{"type":"number","description":"The GID to run the entrypoint of the container process. Uses runtime default if unset. May also be set in PodSecurityContext. If set in both SecurityContext and PodSecurityContext, the value specified in SecurityContext takes precedence.","description_kind":"plain","optional":true},"run_as_non_root":{"type":"bool","description":"Indicates that the container must run as a non-root user. If true, the Kubelet will validate the image at runtime to ensure that it does not run as UID 0 (root) and fail to start the container if it does. If unset or false, no such validation will be performed. May also be set in PodSecurityContext. If set in both SecurityContext and PodSecurityContext, the value specified in SecurityContext takes precedence.","description_kind":"plain","optional":true},"run_as_user":{"type":"number","description":"The UID to run the entrypoint of the container process. Defaults to user specified in image metadata if unspecified. May also be set in PodSecurityContext. If set in both SecurityContext and PodSecurityContext, the value specified in SecurityContext takes precedence.","description_kind":"plain","optional":true}},"block_types":{"capabilities":{"nesting_mode":"list","block":{"attributes":{"add":{"type":["list","string"],"description":"Added capabilities","description_kind":"plain","optional":true},"drop":{"type":["list","string"],"description":"Removed capabilities","description_kind":"plain","optional":true}},"description_kind":"plain"},"max_items":1},"se_linux_options":{"nesting_mode":"list","block":{"attributes":{"level":{"type":"string","description":"Level is SELinux level label that applies to the container.","description_kind":"plain","optional":true},"role":{"type":"string","description":"Role is a SELinux role label that applies to the container.","description_kind":"plain","optional":true},"type":{"type":"string","description":"Type is a SELinux type label that applies to the container.","description_kind":"plain","optional":true},"user":{"type":"string","description":"User is a SELinux user label that applies to the container.","description_kind":"plain","optional":true}},"description_kind":"plain"},"max_items":1}},"description_kind":"plain"},"max_items":1},"volume_mount":{"nesting_mode":"list","block":{"attributes":{"mount_path":{"type":"string","description":"Path within the container at which the volume should be mounted. Must not contain ':'.","description_kind":"plain","required":true},"mount_propagation":{"type":"string","description":"Mount propagation mode. mount_propagation determines how mounts are propagated from the host to container and the other way around. Valid values are None (default), HostToContainer and Bidirectional.","description_kind":"plain","optional":true},"name":{"type":"string","description":"This must match the Name of a Volume.","description_kind":"plain","required":true},"read_only":{"type":"bool","description":"Mounted read-only if true, read-write otherwise (false or unspecified). Defaults to false.","description_kind":"plain","optional":true},"sub_path":{"type":"string","description":"Path within the volume from which the container's volume should be mounted. Defaults to \"\" (volume's root).","description_kind":"plain","optional":true}},"description_kind":"plain"}}},"description_kind":"plain"}},"init_container":{"nesting_mode":"list","block":{"attributes":{"args":{"type":["list","string"],"description":"Arguments to the entrypoint. The docker image's CMD is used if this is not provided. Variable references $(VAR_NAME) are expanded using the container's environment. If a variable cannot be resolved, the reference in the input string will be unchanged. The $(VAR_NAME) syntax can be escaped with a double $$, ie: $$(VAR_NAME). Escaped references will never be expanded, regardless of whether the variable exists or not. Cannot be updated. More info: http://kubernetes.io/docs/user-guide/containers#containers-and-commands","description_kind":"plain","optional":true},"command":{"type":["list","string"],"description":"Entrypoint array. Not executed within a shell. The docker image's ENTRYPOINT is used if this is not provided. Variable references $(VAR_NAME) are expanded using the container's environment. If a variable cannot be resolved, the reference in the input string will be unchanged. The $(VAR_NAME) syntax can be escaped with a double $$, ie: $$(VAR_NAME). Escaped references will never be expanded, regardless of whether the variable exists or not. Cannot be updated. More info: http://kubernetes.io/docs/user-guide/containers#containers-and-commands","description_kind":"plain","optional":true},"image":{"type":"string","description":"Docker image name. More info: http://kubernetes.io/docs/user-guide/images","description_kind":"plain","optional":true},"image_pull_policy":{"type":"string","description":"Image pull policy. One of Always, Never, IfNotPresent. Defaults to Always if :latest tag is specified, or IfNotPresent otherwise. Cannot be updated. More info: http://kubernetes.io/docs/user-guide/images#updating-images","description_kind":"plain","optional":true,"computed":true},"name":{"type":"string","description":"Name of the container specified as a DNS_LABEL. Each container in a pod must have a unique name (DNS_LABEL). Cannot be updated.","description_kind":"plain","required":true},"stdin":{"type":"bool","description":"Whether this container should allocate a buffer for stdin in the container runtime. If this is not set, reads from stdin in the container will always result in EOF. ","description_kind":"plain","optional":true},"stdin_once":{"type":"bool","description":"Whether the container runtime should close the stdin channel after it has been opened by a single attach. When stdin is true the stdin stream will remain open across multiple attach sessions. If stdinOnce is set to true, stdin is opened on container start, is empty until the first client attaches to stdin, and then remains open and accepts data until the client disconnects, at which time stdin is closed and remains closed until the container is restarted. If this flag is false, a container processes that reads from stdin will never receive an EOF.","description_kind":"plain","optional":true},"termination_message_path":{"type":"string","description":"Optional: Path at which the file to which the container's termination message will be written is mounted into the container's filesystem. Message written is intended to be brief final status, such as an assertion failure message. Defaults to /dev/termination-log. Cannot be updated.","description_kind":"plain","optional":true},"tty":{"type":"bool","description":"Whether this container should allocate a TTY for itself","description_kind":"plain","optional":true},"working_dir":{"type":"string","description":"Container's working directory. If not specified, the container runtime's default will be used, which might be configured in the container image. Cannot be updated.","description_kind":"plain","optional":true}},"block_types":{"env":{"nesting_mode":"list","block":{"attributes":{"name":{"type":"string","description":"Name of the environment variable. Must be a C_IDENTIFIER","description_kind":"plain","required":true},"value":{"type":"string","description":"Variable references $(VAR_NAME) are expanded using the previous defined environment variables in the container and any service environment variables. If a variable cannot be resolved, the reference in the input string will be unchanged. The $(VAR_NAME) syntax can be escaped with a double $$, ie: $$(VAR_NAME). Escaped references will never be expanded, regardless of whether the variable exists or not. Defaults to \"\".","description_kind":"plain","optional":true}},"block_types":{"value_from":{"nesting_mode":"list","block":{"block_types":{"config_map_key_ref":{"nesting_mode":"list","block":{"attributes":{"key":{"type":"string","description":"The key to select.","description_kind":"plain","optional":true},"name":{"type":"string","description":"Name of the referent. More info: http://kubernetes.io/docs/user-guide/identifiers#names","description_kind":"plain","optional":true}},"description_kind":"plain"},"max_items":1},"field_ref":{"nesting_mode":"list","block":{"attributes":{"api_version":{"type":"string","description":"Version of the schema the FieldPath is written in terms of, defaults to \"v1\".","description_kind":"plain","optional":true},"field_path":{"type":"string","description":"Path of the field to select in the specified API version","description_kind":"plain","optional":true}},"description_kind":"plain"},"max_items":1},"resource_field_ref":{"nesting_mode":"list","block":{"attributes":{"container_name":{"type":"string","description_kind":"plain","optional":true},"resource":{"type":"string","description":"Resource to select","description_kind":"plain","required":true}},"description_kind":"plain"},"max_items":1},"secret_key_ref":{"nesting_mode":"list","block":{"attributes":{"key":{"type":"string","description":"The key of the secret to select from. Must be a valid secret key.","description_kind":"plain","optional":true},"name":{"type":"string","description":"Name of the referent. More info: http://kubernetes.io/docs/user-guide/identifiers#names","description_kind":"plain","optional":true}},"description_kind":"plain"},"max_items":1}},"description_kind":"plain"},"max_items":1}},"description_kind":"plain"}},"env_from":{"nesting_mode":"list","block":{"attributes":{"prefix":{"type":"string","description":"An optional identifer to prepend to each key in the ConfigMap. Must be a C_IDENTIFIER.","description_kind":"plain","optional":true}},"block_types":{"config_map_ref":{"nesting_mode":"list","block":{"attributes":{"name":{"type":"string","description":"Name of the referent. More info: http://kubernetes.io/docs/user-guide/identifiers#names","description_kind":"plain","required":true},"optional":{"type":"bool","description":"Specify whether the ConfigMap must be defined","description_kind":"plain","optional":true}},"description_kind":"plain"},"max_items":1},"secret_ref":{"nesting_mode":"list","block":{"attributes":{"name":{"type":"string","description":"Name of the referent. More info: https://kubernetes.io/docs/concepts/overview/working-with-objects/names/#names","description_kind":"plain","required":true},"optional":{"type":"bool","description":"Specify whether the Secret must be defined","description_kind":"plain","optional":true}},"description_kind":"plain"},"max_items":1}},"description_kind":"plain"}},"lifecycle":{"nesting_mode":"list","block":{"block_types":{"post_start":{"nesting_mode":"list","block":{"block_types":{"exec":{"nesting_mode":"list","block":{"attributes":{"command":{"type":["list","string"],"description":"Command is the command line to execute inside the container, the working directory for the command is root ('/') in the container's filesystem. The command is simply exec'd, it is not run inside a shell, so traditional shell instructions. To use a shell, you need to explicitly call out to that shell. Exit status of 0 is treated as live/healthy and non-zero is unhealthy.","description_kind":"plain","optional":true}},"description_kind":"plain"},"max_items":1},"http_get":{"nesting_mode":"list","block":{"attributes":{"host":{"type":"string","description":"Host name to connect to, defaults to the pod IP. You probably want to set \"Host\" in httpHeaders instead.","description_kind":"plain","optional":true},"path":{"type":"string","description":"Path to access on the HTTP server.","description_kind":"plain","optional":true},"port":{"type":"string","description":"Name or number of the port to access on the container. Number must be in the range 1 to 65535. Name must be an IANA_SVC_NAME.","description_kind":"plain","optional":true},"scheme":{"type":"string","description":"Scheme to use for connecting to the host.","description_kind":"plain","optional":true}},"block_types":{"http_header":{"nesting_mode":"list","block":{"attributes":{"name":{"type":"string","description":"The header field name","description_kind":"plain","optional":true},"value":{"type":"string","description":"The header field value","description_kind":"plain","optional":true}},"description_kind":"plain"}}},"description_kind":"plain"},"max_items":1},"tcp_socket":{"nesting_mode":"list","block":{"attributes":{"port":{"type":"string","description":"Number or name of the port to access on the container. Number must be in the range 1 to 65535. Name must be an IANA_SVC_NAME.","description_kind":"plain","required":true}},"description_kind":"plain"}}},"description_kind":"plain"}},"pre_stop":{"nesting_mode":"list","block":{"block_types":{"exec":{"nesting_mode":"list","block":{"attributes":{"command":{"type":["list","string"],"description":"Command is the command line to execute inside the container, the working directory for the command is root ('/') in the container's filesystem. The command is simply exec'd, it is not run inside a shell, so traditional shell instructions. To use a shell, you need to explicitly call out to that shell. Exit status of 0 is treated as live/healthy and non-zero is unhealthy.","description_kind":"plain","optional":true}},"description_kind":"plain"},"max_items":1},"http_get":{"nesting_mode":"list","block":{"attributes":{"host":{"type":"string","description":"Host name to connect to, defaults to the pod IP. You probably want to set \"Host\" in httpHeaders instead.","description_kind":"plain","optional":true},"path":{"type":"string","description":"Path to access on the HTTP server.","description_kind":"plain","optional":true},"port":{"type":"string","description":"Name or number of the port to access on the container. Number must be in the range 1 to 65535. Name must be an IANA_SVC_NAME.","description_kind":"plain","optional":true},"scheme":{"type":"string","description":"Scheme to use for connecting to the host.","description_kind":"plain","optional":true}},"block_types":{"http_header":{"nesting_mode":"list","block":{"attributes":{"name":{"type":"string","description":"The header field name","description_kind":"plain","optional":true},"value":{"type":"string","description":"The header field value","description_kind":"plain","optional":true}},"description_kind":"plain"}}},"description_kind":"plain"},"max_items":1},"tcp_socket":{"nesting_mode":"list","block":{"attributes":{"port":{"type":"string","description":"Number or name of the port to access on the container. Number must be in the range 1 to 65535. Name must be an IANA_SVC_NAME.","description_kind":"plain","required":true}},"description_kind":"plain"}}},"description_kind":"plain"}}},"description_kind":"plain"},"max_items":1},"liveness_probe":{"nesting_mode":"list","block":{"attributes":{"failure_threshold":{"type":"number","description":"Minimum consecutive failures for the probe to be considered failed after having succeeded.","description_kind":"plain","optional":true},"initial_delay_seconds":{"type":"number","description":"Number of seconds after the container has started before liveness probes are initiated. More info: http://kubernetes.io/docs/user-guide/pod-states#container-probes","description_kind":"plain","optional":true},"period_seconds":{"type":"number","description":"How often (in seconds) to perform the probe","description_kind":"plain","optional":true},"success_threshold":{"type":"number","description":"Minimum consecutive successes for the probe to be considered successful after having failed.","description_kind":"plain","optional":true},"timeout_seconds":{"type":"number","description":"Number of seconds after which the probe times out. More info: http://kubernetes.io/docs/user-guide/pod-states#container-probes","description_kind":"plain","optional":true}},"block_types":{"exec":{"nesting_mode":"list","block":{"attributes":{"command":{"type":["list","string"],"description":"Command is the command line to execute inside the container, the working directory for the command is root ('/') in the container's filesystem. The command is simply exec'd, it is not run inside a shell, so traditional shell instructions. To use a shell, you need to explicitly call out to that shell. Exit status of 0 is treated as live/healthy and non-zero is unhealthy.","description_kind":"plain","optional":true}},"description_kind":"plain"},"max_items":1},"http_get":{"nesting_mode":"list","block":{"attributes":{"host":{"type":"string","description":"Host name to connect to, defaults to the pod IP. You probably want to set \"Host\" in httpHeaders instead.","description_kind":"plain","optional":true},"path":{"type":"string","description":"Path to access on the HTTP server.","description_kind":"plain","optional":true},"port":{"type":"string","description":"Name or number of the port to access on the container. Number must be in the range 1 to 65535. Name must be an IANA_SVC_NAME.","description_kind":"plain","optional":true},"scheme":{"type":"string","description":"Scheme to use for connecting to the host.","description_kind":"plain","optional":true}},"block_types":{"http_header":{"nesting_mode":"list","block":{"attributes":{"name":{"type":"string","description":"The header field name","description_kind":"plain","optional":true},"value":{"type":"string","description":"The header field value","description_kind":"plain","optional":true}},"description_kind":"plain"}}},"description_kind":"plain"},"max_items":1},"tcp_socket":{"nesting_mode":"list","block":{"attributes":{"port":{"type":"string","description":"Number or name of the port to access on the container. Number must be in the range 1 to 65535. Name must be an IANA_SVC_NAME.","description_kind":"plain","required":true}},"description_kind":"plain"}}},"description_kind":"plain"},"max_items":1},"port":{"nesting_mode":"list","block":{"attributes":{"container_port":{"type":"number","description":"Number of port to expose on the pod's IP address. This must be a valid port number, 0 \u003c x \u003c 65536.","description_kind":"plain","required":true},"host_ip":{"type":"string","description":"What host IP to bind the external port to.","description_kind":"plain","optional":true},"host_port":{"type":"number","description":"Number of port to expose on the host. If specified, this must be a valid port number, 0 \u003c x \u003c 65536. If HostNetwork is specified, this must match ContainerPort. Most containers do not need this.","description_kind":"plain","optional":true},"name":{"type":"string","description":"If specified, this must be an IANA_SVC_NAME and unique within the pod. Each named port in a pod must have a unique name. Name for the port that can be referred to by services","description_kind":"plain","optional":true},"protocol":{"type":"string","description":"Protocol for port. Must be UDP or TCP. Defaults to \"TCP\".","description_kind":"plain","optional":true}},"description_kind":"plain"}},"readiness_probe":{"nesting_mode":"list","block":{"attributes":{"failure_threshold":{"type":"number","description":"Minimum consecutive failures for the probe to be considered failed after having succeeded.","description_kind":"plain","optional":true},"initial_delay_seconds":{"type":"number","description":"Number of seconds after the container has started before liveness probes are initiated. More info: http://kubernetes.io/docs/user-guide/pod-states#container-probes","description_kind":"plain","optional":true},"period_seconds":{"type":"number","description":"How often (in seconds) to perform the probe","description_kind":"plain","optional":true},"success_threshold":{"type":"number","description":"Minimum consecutive successes for the probe to be considered successful after having failed.","description_kind":"plain","optional":true},"timeout_seconds":{"type":"number","description":"Number of seconds after which the probe times out. More info: http://kubernetes.io/docs/user-guide/pod-states#container-probes","description_kind":"plain","optional":true}},"block_types":{"exec":{"nesting_mode":"list","block":{"attributes":{"command":{"type":["list","string"],"description":"Command is the command line to execute inside the container, the working directory for the command is root ('/') in the container's filesystem. The command is simply exec'd, it is not run inside a shell, so traditional shell instructions. To use a shell, you need to explicitly call out to that shell. Exit status of 0 is treated as live/healthy and non-zero is unhealthy.","description_kind":"plain","optional":true}},"description_kind":"plain"},"max_items":1},"http_get":{"nesting_mode":"list","block":{"attributes":{"host":{"type":"string","description":"Host name to connect to, defaults to the pod IP. You probably want to set \"Host\" in httpHeaders instead.","description_kind":"plain","optional":true},"path":{"type":"string","description":"Path to access on the HTTP server.","description_kind":"plain","optional":true},"port":{"type":"string","description":"Name or number of the port to access on the container. Number must be in the range 1 to 65535. Name must be an IANA_SVC_NAME.","description_kind":"plain","optional":true},"scheme":{"type":"string","description":"Scheme to use for connecting to the host.","description_kind":"plain","optional":true}},"block_types":{"http_header":{"nesting_mode":"list","block":{"attributes":{"name":{"type":"string","description":"The header field name","description_kind":"plain","optional":true},"value":{"type":"string","description":"The header field value","description_kind":"plain","optional":true}},"description_kind":"plain"}}},"description_kind":"plain"},"max_items":1},"tcp_socket":{"nesting_mode":"list","block":{"attributes":{"port":{"type":"string","description":"Number or name of the port to access on the container. Number must be in the range 1 to 65535. Name must be an IANA_SVC_NAME.","description_kind":"plain","required":true}},"description_kind":"plain"}}},"description_kind":"plain"},"max_items":1},"resources":{"nesting_mode":"list","block":{"block_types":{"limits":{"nesting_mode":"list","block":{"attributes":{"cpu":{"type":"string","description_kind":"plain","optional":true,"computed":true},"memory":{"type":"string","description_kind":"plain","optional":true,"computed":true}},"description_kind":"plain"},"max_items":1},"requests":{"nesting_mode":"list","block":{"attributes":{"cpu":{"type":"string","description_kind":"plain","optional":true,"computed":true},"memory":{"type":"string","description_kind":"plain","optional":true,"computed":true}},"description_kind":"plain"},"max_items":1}},"description_kind":"plain"},"max_items":1},"security_context":{"nesting_mode":"list","block":{"attributes":{"allow_privilege_escalation":{"type":"bool","description":"AllowPrivilegeEscalation controls whether a process can gain more privileges than its parent process. This bool directly controls if the no_new_privs flag will be set on the container process. AllowPrivilegeEscalation is true always when the container is: 1) run as Privileged 2) has CAP_SYS_ADMIN","description_kind":"plain","optional":true},"privileged":{"type":"bool","description":"Run container in privileged mode. Processes in privileged containers are essentially equivalent to root on the host. Defaults to false.","description_kind":"plain","optional":true},"read_only_root_filesystem":{"type":"bool","description":"Whether this container has a read-only root filesystem. Default is false.","description_kind":"plain","optional":true},"run_as_group":{"type":"number","description":"The GID to run the entrypoint of the container process. Uses runtime default if unset. May also be set in PodSecurityContext. If set in both SecurityContext and PodSecurityContext, the value specified in SecurityContext takes precedence.","description_kind":"plain","optional":true},"run_as_non_root":{"type":"bool","description":"Indicates that the container must run as a non-root user. If true, the Kubelet will validate the image at runtime to ensure that it does not run as UID 0 (root) and fail to start the container if it does. If unset or false, no such validation will be performed. May also be set in PodSecurityContext. If set in both SecurityContext and PodSecurityContext, the value specified in SecurityContext takes precedence.","description_kind":"plain","optional":true},"run_as_user":{"type":"number","description":"The UID to run the entrypoint of the container process. Defaults to user specified in image metadata if unspecified. May also be set in PodSecurityContext. If set in both SecurityContext and PodSecurityContext, the value specified in SecurityContext takes precedence.","description_kind":"plain","optional":true}},"block_types":{"capabilities":{"nesting_mode":"list","block":{"attributes":{"add":{"type":["list","string"],"description":"Added capabilities","description_kind":"plain","optional":true},"drop":{"type":["list","string"],"description":"Removed capabilities","description_kind":"plain","optional":true}},"description_kind":"plain"},"max_items":1},"se_linux_options":{"nesting_mode":"list","block":{"attributes":{"level":{"type":"string","description":"Level is SELinux level label that applies to the container.","description_kind":"plain","optional":true},"role":{"type":"string","description":"Role is a SELinux role label that applies to the container.","description_kind":"plain","optional":true},"type":{"type":"string","description":"Type is a SELinux type label that applies to the container.","description_kind":"plain","optional":true},"user":{"type":"string","description":"User is a SELinux user label that applies to the container.","description_kind":"plain","optional":true}},"description_kind":"plain"},"max_items":1}},"description_kind":"plain"},"max_items":1},"volume_mount":{"nesting_mode":"list","block":{"attributes":{"mount_path":{"type":"string","description":"Path within the container at which the volume should be mounted. Must not contain ':'.","description_kind":"plain","required":true},"mount_propagation":{"type":"string","description":"Mount propagation mode. mount_propagation determines how mounts are propagated from the host to container and the other way around. Valid values are None (default), HostToContainer and Bidirectional.","description_kind":"plain","optional":true},"name":{"type":"string","description":"This must match the Name of a Volume.","description_kind":"plain","required":true},"read_only":{"type":"bool","description":"Mounted read-only if true, read-write otherwise (false or unspecified). Defaults to false.","description_kind":"plain","optional":true},"sub_path":{"type":"string","description":"Path within the volume from which the container's volume should be mounted. Defaults to \"\" (volume's root).","description_kind":"plain","optional":true}},"description_kind":"plain"}}},"description_kind":"plain"}},"pod_monitor_namespace_selector":{"nesting_mode":"list","block":{"attributes":{"match_labels":{"type":["map","string"],"description":"A map of {key,value} pairs. A single {key,value} in the matchLabels map is equivalent to an element of `match_expressions`, whose key field is \"key\", the operator is \"In\", and the values array contains only \"value\". The requirements are ANDed.","description_kind":"plain","optional":true}},"block_types":{"match_expressions":{"nesting_mode":"list","block":{"attributes":{"key":{"type":"string","description":"The label key that the selector applies to.","description_kind":"plain","optional":true},"operator":{"type":"string","description":"A key's relationship to a set of values. Valid operators ard `In`, `NotIn`, `Exists` and `DoesNotExist`.","description_kind":"plain","optional":true},"values":{"type":["set","string"],"description":"An array of string values. If the operator is `In` or `NotIn`, the values array must be non-empty. If the operator is `Exists` or `DoesNotExist`, the values array must be empty. This array is replaced during a strategic merge patch.","description_kind":"plain","optional":true}},"description_kind":"plain"}}},"description_kind":"plain"},"max_items":1},"pod_monitor_selector":{"nesting_mode":"list","block":{"attributes":{"match_labels":{"type":["map","string"],"description":"A map of {key,value} pairs. A single {key,value} in the matchLabels map is equivalent to an element of `match_expressions`, whose key field is \"key\", the operator is \"In\", and the values array contains only \"value\". The requirements are ANDed.","description_kind":"plain","optional":true}},"block_types":{"match_expressions":{"nesting_mode":"list","block":{"attributes":{"key":{"type":"string","description":"The label key that the selector applies to.","description_kind":"plain","optional":true},"operator":{"type":"string","description":"A key's relationship to a set of values. Valid operators ard `In`, `NotIn`, `Exists` and `DoesNotExist`.","description_kind":"plain","optional":true},"values":{"type":["set","string"],"description":"An array of string values. If the operator is `In` or `NotIn`, the values array must be non-empty. If the operator is `Exists` or `DoesNotExist`, the values array must be empty. This array is replaced during a strategic merge patch.","description_kind":"plain","optional":true}},"description_kind":"plain"}}},"description_kind":"plain"},"max_items":1},"resources":{"nesting_mode":"list","block":{"block_types":{"limits":{"nesting_mode":"list","block":{"attributes":{"cpu":{"type":"string","description_kind":"plain","optional":true,"computed":true},"memory":{"type":"string","description_kind":"plain","optional":true,"computed":true}},"description_kind":"plain"},"max_items":1},"requests":{"nesting_mode":"list","block":{"attributes":{"cpu":{"type":"string","description_kind":"plain","optional":true,"computed":true},"memory":{"type":"string","description_kind":"plain","optional":true,"computed":true}},"description_kind":"plain"},"max_items":1}},"description_kind":"plain"},"max_items":1},"rule_namespace_selector":{"nesting_mode":"list","block":{"attributes":{"match_labels":{"type":["map","string"],"description":"A map of {key,value} pairs. A single {key,value} in the matchLabels map is equivalent to an element of `match_expressions`, whose key field is \"key\", the operator is \"In\", and the values array contains only \"value\". The requirements are ANDed.","description_kind":"plain","optional":true}},"block_types":{"match_expressions":{"nesting_mode":"list","block":{"attributes":{"key":{"type":"string","description":"The label key that the selector applies to.","description_kind":"plain","optional":true},"operator":{"type":"string","description":"A key's relationship to a set of values. Valid operators ard `In`, `NotIn`, `Exists` and `DoesNotExist`.","description_kind":"plain","optional":true},"values":{"type":["set","string"],"description":"An array of string values. If the operator is `In` or `NotIn`, the values array must be non-empty. If the operator is `Exists` or `DoesNotExist`, the values array must be empty. This array is replaced during a strategic merge patch.","description_kind":"plain","optional":true}},"description_kind":"plain"}}},"description_kind":"plain"},"max_items":1},"rule_selector":{"nesting_mode":"list","block":{"attributes":{"match_labels":{"type":["map","string"],"description":"A map of {key,value} pairs. A single {key,value} in the matchLabels map is equivalent to an element of `match_expressions`, whose key field is \"key\", the operator is \"In\", and the values array contains only \"value\". The requirements are ANDed.","description_kind":"plain","optional":true}},"block_types":{"match_expressions":{"nesting_mode":"list","block":{"attributes":{"key":{"type":"string","description":"The label key that the selector applies to.","description_kind":"plain","optional":true},"operator":{"type":"string","description":"A key's relationship to a set of values. Valid operators ard `In`, `NotIn`, `Exists` and `DoesNotExist`.","description_kind":"plain","optional":true},"values":{"type":["set","string"],"description":"An array of string values. If the operator is `In` or `NotIn`, the values array must be non-empty. If the operator is `Exists` or `DoesNotExist`, the values array must be empty. This array is replaced during a strategic merge patch.","description_kind":"plain","optional":true}},"description_kind":"plain"}}},"description_kind":"plain"},"max_items":1},"security_context":{"nesting_mode":"list","block":{"attributes":{"fs_group":{"type":"number","description":"A special supplemental group that applies to all containers in a pod. Some volume types allow the Kubelet to change the ownership of that volume to be owned by the pod: 1. The owning GID will be the FSGroup 2. The setgid bit is set (new files created in the volume will be owned by FSGroup) 3. The permission bits are OR'd with rw-rw---- If unset, the Kubelet will not modify the ownership and permissions of any volume.","description_kind":"plain","optional":true},"run_as_group":{"type":"number","description":"The GID to run the entrypoint of the container process. Uses runtime default if unset. May also be set in SecurityContext. If set in both SecurityContext and PodSecurityContext, the value specified in SecurityContext takes precedence for that container.","description_kind":"plain","optional":true},"run_as_non_root":{"type":"bool","description":"Indicates that the container must run as a non-root user. If true, the Kubelet will validate the image at runtime to ensure that it does not run as UID 0 (root) and fail to start the container if it does. If unset or false, no such validation will be performed. May also be set in SecurityContext. If set in both SecurityContext and PodSecurityContext, the value specified in SecurityContext takes precedence.","description_kind":"plain","optional":true},"run_as_user":{"type":"number","description":"The UID to run the entrypoint of the container process. Defaults to user specified in image metadata if unspecified. May also be set in SecurityContext. If set in both SecurityContext and PodSecurityContext, the value specified in SecurityContext takes precedence for that container.","description_kind":"plain","optional":true},"supplemental_groups":{"type":["set","number"],"description":"A list of groups applied to the first process run in each container, in addition to the container's primary GID. If unspecified, no groups will be added to any container.","description_kind":"plain","optional":true}},"block_types":{"se_linux_options":{"nesting_mode":"list","block":{"attributes":{"level":{"type":"string","description":"Level is SELinux level label that applies to the container.","description_kind":"plain","optional":true},"role":{"type":"string","description":"Role is a SELinux role label that applies to the container.","description_kind":"plain","optional":true},"type":{"type":"string","description":"Type is a SELinux type label that applies to the container.","description_kind":"plain","optional":true},"user":{"type":"string","description":"User is a SELinux user label that applies to the container.","description_kind":"plain","optional":true}},"description_kind":"plain"},"max_items":1}},"description_kind":"plain"},"max_items":1},"service_monitor_namespace_selector":{"nesting_mode":"list","block":{"attributes":{"match_labels":{"type":["map","string"],"description":"A map of {key,value} pairs. A single {key,value} in the matchLabels map is equivalent to an element of `match_expressions`, whose key field is \"key\", the operator is \"In\", and the values array contains only \"value\". The requirements are ANDed.","description_kind":"plain","optional":true}},"block_types":{"match_expressions":{"nesting_mode":"list","block":{"attributes":{"key":{"type":"string","description":"The label key that the selector applies to.","description_kind":"plain","optional":true},"operator":{"type":"string","description":"A key's relationship to a set of values. Valid operators ard `In`, `NotIn`, `Exists` and `DoesNotExist`.","description_kind":"plain","optional":true},"values":{"type":["set","string"],"description":"An array of string values. If the operator is `In` or `NotIn`, the values array must be non-empty. If the operator is `Exists` or `DoesNotExist`, the values array must be empty. This array is replaced during a strategic merge patch.","description_kind":"plain","optional":true}},"description_kind":"plain"}}},"description_kind":"plain"},"max_items":1},"service_monitor_selector":{"nesting_mode":"list","block":{"attributes":{"match_labels":{"type":["map","string"],"description":"A map of {key,value} pairs. A single {key,value} in the matchLabels map is equivalent to an element of `match_expressions`, whose key field is \"key\", the operator is \"In\", and the values array contains only \"value\". The requirements are ANDed.","description_kind":"plain","optional":true}},"block_types":{"match_expressions":{"nesting_mode":"list","block":{"attributes":{"key":{"type":"string","description":"The label key that the selector applies to.","description_kind":"plain","optional":true},"operator":{"type":"string","description":"A key's relationship to a set of values. Valid operators ard `In`, `NotIn`, `Exists` and `DoesNotExist`.","description_kind":"plain","optional":true},"values":{"type":["set","string"],"description":"An array of string values. If the operator is `In` or `NotIn`, the values array must be non-empty. If the operator is `Exists` or `DoesNotExist`, the values array must be empty. This array is replaced during a strategic merge patch.","description_kind":"plain","optional":true}},"description_kind":"plain"}}},"description_kind":"plain"},"max_items":1},"toleration":{"nesting_mode":"list","block":{"attributes":{"effect":{"type":"string","description":"Effect indicates the taint effect to match. Empty means match all taint effects. When specified, allowed values are NoSchedule, PreferNoSchedule and NoExecute.","description_kind":"plain","optional":true},"key":{"type":"string","description":"Key is the taint key that the toleration applies to. Empty means match all taint keys. If the key is empty, operator must be Exists; this combination means to match all values and all keys.","description_kind":"plain","optional":true},"operator":{"type":"string","description":"Operator represents a key's relationship to the value. Valid operators are Exists and Equal. Defaults to Equal. Exists is equivalent to wildcard for value, so that a pod can tolerate all taints of a particular category.","description_kind":"plain","optional":true},"toleration_seconds":{"type":"string","description":"TolerationSeconds represents the period of time the toleration (which must be of effect NoExecute, otherwise this field is ignored) tolerates the taint. By default, it is not set, which means tolerate the taint forever (do not evict). Zero and negative values will be treated as 0 (evict immediately) by the system.","description_kind":"plain","optional":true},"value":{"type":"string","description":"Value is the taint value the toleration matches to. If the operator is Exists, the value should be empty, otherwise just a regular string.","description_kind":"plain","optional":true}},"description_kind":"plain"}},"volume":{"nesting_mode":"list","block":{"attributes":{"name":{"type":"string","description":"Volume's name. Must be a DNS_LABEL and unique within the pod. More info: http://kubernetes.io/docs/user-guide/identifiers#names","description_kind":"plain","optional":true}},"block_types":{"aws_elastic_block_store":{"nesting_mode":"list","block":{"attributes":{"fs_type":{"type":"string","description":"Filesystem type of the volume that you want to mount. Tip: Ensure that the filesystem type is supported by the host operating system. Examples: \"ext4\", \"xfs\", \"ntfs\". Implicitly inferred to be \"ext4\" if unspecified. More info: http://kubernetes.io/docs/user-guide/volumes#awselasticblockstore","description_kind":"plain","optional":true},"partition":{"type":"number","description":"The partition in the volume that you want to mount. If omitted, the default is to mount by volume name. Examples: For volume /dev/sda1, you specify the partition as \"1\". Similarly, the volume partition for /dev/sda is \"0\" (or you can leave the property empty).","description_kind":"plain","optional":true},"read_only":{"type":"bool","description":"Whether to set the read-only property in VolumeMounts to \"true\". If omitted, the default is \"false\". More info: http://kubernetes.io/docs/user-guide/volumes#awselasticblockstore","description_kind":"plain","optional":true},"volume_id":{"type":"string","description":"Unique ID of the persistent disk resource in AWS (Amazon EBS volume). More info: http://kubernetes.io/docs/user-guide/volumes#awselasticblockstore","description_kind":"plain","required":true}},"description_kind":"plain"},"max_items":1},"azure_disk":{"nesting_mode":"list","block":{"attributes":{"caching_mode":{"type":"string","description":"Host Caching mode: None, Read Only, Read Write.","description_kind":"plain","required":true},"data_disk_uri":{"type":"string","description":"The URI the data disk in the blob storage","description_kind":"plain","required":true},"disk_name":{"type":"string","description":"The Name of the data disk in the blob storage","description_kind":"plain","required":true},"fs_type":{"type":"string","description":"Filesystem type to mount. Must be a filesystem type supported by the host operating system. Ex. \"ext4\", \"xfs\", \"ntfs\". Implicitly inferred to be \"ext4\" if unspecified.","description_kind":"plain","optional":true},"read_only":{"type":"bool","description":"Whether to force the read-only setting in VolumeMounts. Defaults to false (read/write).","description_kind":"plain","optional":true}},"description_kind":"plain"},"max_items":1},"azure_file":{"nesting_mode":"list","block":{"attributes":{"read_only":{"type":"bool","description":"Whether to force the read-only setting in VolumeMounts. Defaults to false (read/write).","description_kind":"plain","optional":true},"secret_name":{"type":"string","description":"The name of secret that contains Azure Storage Account Name and Key","description_kind":"plain","required":true},"share_name":{"type":"string","description":"Share Name","description_kind":"plain","required":true}},"description_kind":"plain"},"max_items":1},"ceph_fs":{"nesting_mode":"list","block":{"attributes":{"monitors":{"type":["set","string"],"description":"Monitors is a collection of Ceph monitors More info: http://releases.k8s.io/HEAD/examples/volumes/cephfs/README.md#how-to-use-it","description_kind":"plain","required":true},"path":{"type":"string","description":"Used as the mounted root, rather than the full Ceph tree, default is /","description_kind":"plain","optional":true},"read_only":{"type":"bool","description":"Whether to force the read-only setting in VolumeMounts. Defaults to `false` (read/write). More info: http://releases.k8s.io/HEAD/examples/volumes/cephfs/README.md#how-to-use-it","description_kind":"plain","optional":true},"secret_file":{"type":"string","description":"The path to key ring for User, default is /etc/ceph/user.secret More info: http://releases.k8s.io/HEAD/examples/volumes/cephfs/README.md#how-to-use-it","description_kind":"plain","optional":true},"user":{"type":"string","description":"User is the rados user name, default is admin. More info: http://releases.k8s.io/HEAD/examples/volumes/cephfs/README.md#how-to-use-it","description_kind":"plain","optional":true}},"block_types":{"secret_ref":{"nesting_mode":"list","block":{"attributes":{"name":{"type":"string","description":"Name of the referent. More info: http://kubernetes.io/docs/user-guide/identifiers#names","description_kind":"plain","optional":true}},"description_kind":"plain"},"max_items":1}},"description_kind":"plain"},"max_items":1},"cinder":{"nesting_mode":"list","block":{"attributes":{"fs_type":{"type":"string","description":"Filesystem type to mount. Must be a filesystem type supported by the host operating system. Examples: \"ext4\", \"xfs\", \"ntfs\". Implicitly inferred to be \"ext4\" if unspecified. More info: http://releases.k8s.io/HEAD/examples/mysql-cinder-pd/README.md","description_kind":"plain","optional":true},"read_only":{"type":"bool","description":"Whether to force the read-only setting in VolumeMounts. Defaults to false (read/write). More info: http://releases.k8s.io/HEAD/examples/mysql-cinder-pd/README.md","description_kind":"plain","optional":true},"volume_id":{"type":"string","description":"Volume ID used to identify the volume in Cinder. More info: http://releases.k8s.io/HEAD/examples/mysql-cinder-pd/README.md","description_kind":"plain","required":true}},"description_kind":"plain"},"max_items":1},"config_map":{"nesting_mode":"list","block":{"attributes":{"default_mode":{"type":"string","description":"Optional: mode bits to use on created files by default. Must be a value between 0 and 0777. Defaults to 0644. Directories within the path are not affected by this setting. This might be in conflict with other options that affect the file mode, like fsGroup, and the result can be other mode bits set.","description_kind":"plain","optional":true},"name":{"type":"string","description":"Name of the referent. More info: http://kubernetes.io/docs/user-guide/identifiers#names","description_kind":"plain","optional":true}},"block_types":{"items":{"nesting_mode":"list","block":{"attributes":{"key":{"type":"string","description":"The key to project.","description_kind":"plain","optional":true},"mode":{"type":"string","description":"Optional: mode bits to use on this file, must be a value between 0 and 0777. If not specified, the volume defaultMode will be used. This might be in conflict with other options that affect the file mode, like fsGroup, and the result can be other mode bits set.","description_kind":"plain","optional":true},"path":{"type":"string","description":"The relative path of the file to map the key to. May not be an absolute path. May not contain the path element '..'. May not start with the string '..'.","description_kind":"plain","optional":true}},"description_kind":"plain"}}},"description_kind":"plain"},"max_items":1},"downward_api":{"nesting_mode":"list","block":{"attributes":{"default_mode":{"type":"string","description":"Optional: mode bits to use on created files by default. Must be a value between 0 and 0777. Defaults to 0644. Directories within the path are not affected by this setting. This might be in conflict with other options that affect the file mode, like fsGroup, and the result can be other mode bits set.","description_kind":"plain","optional":true}},"block_types":{"items":{"nesting_mode":"list","block":{"attributes":{"mode":{"type":"string","description":"Optional: mode bits to use on this file, must be a value between 0 and 0777. If not specified, the volume defaultMode will be used. This might be in conflict with other options that affect the file mode, like fsGroup, and the result can be other mode bits set.","description_kind":"plain","optional":true},"path":{"type":"string","description":"Path is the relative path name of the file to be created. Must not be absolute or contain the '..' path. Must be utf-8 encoded. The first item of the relative path must not start with '..'","description_kind":"plain","required":true}},"block_types":{"field_ref":{"nesting_mode":"list","block":{"attributes":{"api_version":{"type":"string","description":"Version of the schema the FieldPath is written in terms of, defaults to \"v1\".","description_kind":"plain","optional":true},"field_path":{"type":"string","description":"Path of the field to select in the specified API version","description_kind":"plain","optional":true}},"description_kind":"plain"},"min_items":1,"max_items":1},"resource_field_ref":{"nesting_mode":"list","block":{"attributes":{"container_name":{"type":"string","description_kind":"plain","required":true},"quantity":{"type":"string","description_kind":"plain","optional":true},"resource":{"type":"string","description":"Resource to select","description_kind":"plain","required":true}},"description_kind":"plain"},"max_items":1}},"description_kind":"plain"}}},"description_kind":"plain"},"max_items":1},"empty_dir":{"nesting_mode":"list","block":{"attributes":{"medium":{"type":"string","description":"What type of storage medium should back this directory. The default is \"\" which means to use the node's default medium. Must be an empty string (default) or Memory. More info: http://kubernetes.io/docs/user-guide/volumes#emptydir","description_kind":"plain","optional":true}},"description_kind":"plain"},"max_items":1},"fc":{"nesting_mode":"list","block":{"attributes":{"fs_type":{"type":"string","description":"Filesystem type to mount. Must be a filesystem type supported by the host operating system. Ex. \"ext4\", \"xfs\", \"ntfs\". Implicitly inferred to be \"ext4\" if unspecified.","description_kind":"plain","optional":true},"lun":{"type":"number","description":"FC target lun number","description_kind":"plain","required":true},"read_only":{"type":"bool","description":"Whether to force the read-only setting in VolumeMounts. Defaults to false (read/write).","description_kind":"plain","optional":true},"target_ww_ns":{"type":["set","string"],"description":"FC target worldwide names (WWNs)","description_kind":"plain","required":true}},"description_kind":"plain"},"max_items":1},"flex_volume":{"nesting_mode":"list","block":{"attributes":{"driver":{"type":"string","description":"Driver is the name of the driver to use for this volume.","description_kind":"plain","required":true},"fs_type":{"type":"string","description":"Filesystem type to mount. Must be a filesystem type supported by the host operating system. Ex. \"ext4\", \"xfs\", \"ntfs\". The default filesystem depends on FlexVolume script.","description_kind":"plain","optional":true},"options":{"type":["map","string"],"description":"Extra command options if any.","description_kind":"plain","optional":true},"read_only":{"type":"bool","description":"Whether to force the ReadOnly setting in VolumeMounts. Defaults to false (read/write).","description_kind":"plain","optional":true}},"block_types":{"secret_ref":{"nesting_mode":"list","block":{"attributes":{"name":{"type":"string","description":"Name of the referent. More info: http://kubernetes.io/docs/user-guide/identifiers#names","description_kind":"plain","optional":true}},"description_kind":"plain"},"max_items":1}},"description_kind":"plain"},"max_items":1},"flocker":{"nesting_mode":"list","block":{"attributes":{"dataset_name":{"type":"string","description":"Name of the dataset stored as metadata -\u003e name on the dataset for Flocker should be considered as deprecated","description_kind":"plain","optional":true},"dataset_uuid":{"type":"string","description":"UUID of the dataset. This is unique identifier of a Flocker dataset","description_kind":"plain","optional":true}},"description_kind":"plain"},"max_items":1},"gce_persistent_disk":{"nesting_mode":"list","block":{"attributes":{"fs_type":{"type":"string","description":"Filesystem type of the volume that you want to mount. Tip: Ensure that the filesystem type is supported by the host operating system. Examples: \"ext4\", \"xfs\", \"ntfs\". Implicitly inferred to be \"ext4\" if unspecified. More info: http://kubernetes.io/docs/user-guide/volumes#gcepersistentdisk","description_kind":"plain","optional":true},"partition":{"type":"number","description":"The partition in the volume that you want to mount. If omitted, the default is to mount by volume name. Examples: For volume /dev/sda1, you specify the partition as \"1\". Similarly, the volume partition for /dev/sda is \"0\" (or you can leave the property empty). More info: http://kubernetes.io/docs/user-guide/volumes#gcepersistentdisk","description_kind":"plain","optional":true},"pd_name":{"type":"string","description":"Unique name of the PD resource in GCE. Used to identify the disk in GCE. More info: http://kubernetes.io/docs/user-guide/volumes#gcepersistentdisk","description_kind":"plain","required":true},"read_only":{"type":"bool","description":"Whether to force the ReadOnly setting in VolumeMounts. Defaults to false. More info: http://kubernetes.io/docs/user-guide/volumes#gcepersistentdisk","description_kind":"plain","optional":true}},"description_kind":"plain"},"max_items":1},"git_repo":{"nesting_mode":"list","block":{"attributes":{"directory":{"type":"string","description":"Target directory name. Must not contain or start with '..'. If '.' is supplied, the volume directory will be the git repository. Otherwise, if specified, the volume will contain the git repository in the subdirectory with the given name.","description_kind":"plain","optional":true},"repository":{"type":"string","description":"Repository URL","description_kind":"plain","optional":true},"revision":{"type":"string","description":"Commit hash for the specified revision.","description_kind":"plain","optional":true}},"description_kind":"plain"},"max_items":1},"glusterfs":{"nesting_mode":"list","block":{"attributes":{"endpoints_name":{"type":"string","description":"The endpoint name that details Glusterfs topology. More info: http://releases.k8s.io/HEAD/examples/volumes/glusterfs/README.md#create-a-pod","description_kind":"plain","required":true},"path":{"type":"string","description":"The Glusterfs volume path. More info: http://releases.k8s.io/HEAD/examples/volumes/glusterfs/README.md#create-a-pod","description_kind":"plain","required":true},"read_only":{"type":"bool","description":"Whether to force the Glusterfs volume to be mounted with read-only permissions. Defaults to false. More info: http://releases.k8s.io/HEAD/examples/volumes/glusterfs/README.md#create-a-pod","description_kind":"plain","optional":true}},"description_kind":"plain"},"max_items":1},"host_path":{"nesting_mode":"list","block":{"attributes":{"path":{"type":"string","description":"Path of the directory on the host. More info: http://kubernetes.io/docs/user-guide/volumes#hostpath","description_kind":"plain","optional":true},"type":{"type":"string","description":"Type for HostPath volume. Allowed values are \"\" (default), DirectoryOrCreate, Directory, FileOrCreate, File, Socket, CharDevice and BlockDevice","description_kind":"plain","optional":true}},"description_kind":"plain"},"max_items":1},"iscsi":{"nesting_mode":"list","block":{"attributes":{"fs_type":{"type":"string","description":"Filesystem type of the volume that you want to mount. Tip: Ensure that the filesystem type is supported by the host operating system. Examples: \"ext4\", \"xfs\", \"ntfs\". Implicitly inferred to be \"ext4\" if unspecified. More info: http://kubernetes.io/docs/user-guide/volumes#iscsi","description_kind":"plain","optional":true},"iqn":{"type":"string","description":"Target iSCSI Qualified Name.","description_kind":"plain","required":true},"iscsi_interface":{"type":"string","description":"iSCSI interface name that uses an iSCSI transport. Defaults to 'default' (tcp).","description_kind":"plain","optional":true},"lun":{"type":"number","description":"iSCSI target lun number.","description_kind":"plain","optional":true},"read_only":{"type":"bool","description":"Whether to force the read-only setting in VolumeMounts. Defaults to false.","description_kind":"plain","optional":true},"target_portal":{"type":"string","description":"iSCSI target portal. The portal is either an IP or ip_addr:port if the port is other than default (typically TCP ports 860 and 3260).","description_kind":"plain","required":true}},"description_kind":"plain"},"max_items":1},"local":{"nesting_mode":"list","block":{"attributes":{"path":{"type":"string","description":"Path of the directory on the host. More info: http://kubernetes.io/docs/user-guide/volumes#local","description_kind":"plain","optional":true}},"description_kind":"plain"},"max_items":1},"nfs":{"nesting_mode":"list","block":{"attributes":{"path":{"type":"string","description":"Path that is exported by the NFS server. More info: http://kubernetes.io/docs/user-guide/volumes#nfs","description_kind":"plain","required":true},"read_only":{"type":"bool","description":"Whether to force the NFS export to be mounted with read-only permissions. Defaults to false. More info: http://kubernetes.io/docs/user-guide/volumes#nfs","description_kind":"plain","optional":true},"server":{"type":"string","description":"Server is the hostname or IP address of the NFS server. More info: http://kubernetes.io/docs/user-guide/volumes#nfs","description_kind":"plain","required":true}},"description_kind":"plain"},"max_items":1},"persistent_volume_claim":{"nesting_mode":"list","block":{"attributes":{"claim_name":{"type":"string","description":"ClaimName is the name of a PersistentVolumeClaim in the same ","description_kind":"plain","optional":true},"read_only":{"type":"bool","description":"Will force the ReadOnly setting in VolumeMounts.","description_kind":"plain","optional":true}},"description_kind":"plain"},"max_items":1},"photon_persistent_disk":{"nesting_mode":"list","block":{"attributes":{"fs_type":{"type":"string","description":"Filesystem type to mount. Must be a filesystem type supported by the host operating system. Ex. \"ext4\", \"xfs\", \"ntfs\". Implicitly inferred to be \"ext4\" if unspecified.","description_kind":"plain","optional":true},"pd_id":{"type":"string","description":"ID that identifies Photon Controller persistent disk","description_kind":"plain","required":true}},"description_kind":"plain"},"max_items":1},"quobyte":{"nesting_mode":"list","block":{"attributes":{"group":{"type":"string","description":"Group to map volume access to Default is no group","description_kind":"plain","optional":true},"read_only":{"type":"bool","description":"Whether to force the Quobyte volume to be mounted with read-only permissions. Defaults to false.","description_kind":"plain","optional":true},"registry":{"type":"string","description":"Registry represents a single or multiple Quobyte Registry services specified as a string as host:port pair (multiple entries are separated with commas) which acts as the central registry for volumes","description_kind":"plain","required":true},"user":{"type":"string","description":"User to map volume access to Defaults to serivceaccount user","description_kind":"plain","optional":true},"volume":{"type":"string","description":"Volume is a string that references an already created Quobyte volume by name.","description_kind":"plain","required":true}},"description_kind":"plain"},"max_items":1},"rbd":{"nesting_mode":"list","block":{"attributes":{"ceph_monitors":{"type":["set","string"],"description":"A collection of Ceph monitors. More info: http://releases.k8s.io/HEAD/examples/volumes/rbd/README.md#how-to-use-it","description_kind":"plain","required":true},"fs_type":{"type":"string","description":"Filesystem type of the volume that you want to mount. Tip: Ensure that the filesystem type is supported by the host operating system. Examples: \"ext4\", \"xfs\", \"ntfs\". Implicitly inferred to be \"ext4\" if unspecified. More info: http://kubernetes.io/docs/user-guide/volumes#rbd","description_kind":"plain","optional":true},"keyring":{"type":"string","description":"Keyring is the path to key ring for RBDUser. Default is /etc/ceph/keyring. More info: http://releases.k8s.io/HEAD/examples/volumes/rbd/README.md#how-to-use-it","description_kind":"plain","optional":true,"computed":true},"rados_user":{"type":"string","description":"The rados user name. Default is admin. More info: http://releases.k8s.io/HEAD/examples/volumes/rbd/README.md#how-to-use-it","description_kind":"plain","optional":true},"rbd_image":{"type":"string","description":"The rados image name. More info: http://releases.k8s.io/HEAD/examples/volumes/rbd/README.md#how-to-use-it","description_kind":"plain","required":true},"rbd_pool":{"type":"string","description":"The rados pool name. Default is rbd. More info: http://releases.k8s.io/HEAD/examples/volumes/rbd/README.md#how-to-use-it.","description_kind":"plain","optional":true},"read_only":{"type":"bool","description":"Whether to force the read-only setting in VolumeMounts. Defaults to false. More info: http://releases.k8s.io/HEAD/examples/volumes/rbd/README.md#how-to-use-it","description_kind":"plain","optional":true}},"block_types":{"secret_ref":{"nesting_mode":"list","block":{"attributes":{"name":{"type":"string","description":"Name of the referent. More info: http://kubernetes.io/docs/user-guide/identifiers#names","description_kind":"plain","optional":true}},"description_kind":"plain"},"max_items":1}},"description_kind":"plain"},"max_items":1},"secret":{"nesting_mode":"list","block":{"attributes":{"default_mode":{"type":"string","description":"Optional: mode bits to use on created files by default. Must be a value between 0 and 0777. Defaults to 0644. Directories within the path are not affected by this setting. This might be in conflict with other options that affect the file mode, like fsGroup, and the result can be other mode bits set.","description_kind":"plain","optional":true},"optional":{"type":"bool","description":"Optional: Specify whether the Secret or it's keys must be defined.","description_kind":"plain","optional":true},"secret_name":{"type":"string","description":"Name of the secret in the pod's namespace to use. More info: http://kubernetes.io/docs/user-guide/volumes#secrets","description_kind":"plain","optional":true}},"block_types":{"items":{"nesting_mode":"list","block":{"attributes":{"key":{"type":"string","description":"The key to project.","description_kind":"plain","optional":true},"mode":{"type":"string","description":"Optional: mode bits to use on this file, must be a value between 0 and 0777. If not specified, the volume defaultMode will be used. This might be in conflict with other options that affect the file mode, like fsGroup, and the result can be other mode bits set.","description_kind":"plain","optional":true},"path":{"type":"string","description":"The relative path of the file to map the key to. May not be an absolute path. May not contain the path element '..'. May not start with the string '..'.","description_kind":"plain","optional":true}},"description_kind":"plain"}}},"description_kind":"plain"},"max_items":1},"vsphere_volume":{"nesting_mode":"list","block":{"attributes":{"fs_type":{"type":"string","description":"Filesystem type to mount. Must be a filesystem type supported by the host operating system. Ex. \"ext4\", \"xfs\", \"ntfs\". Implicitly inferred to be \"ext4\" if unspecified.","description_kind":"plain","optional":true},"volume_path":{"type":"string","description":"Path that identifies vSphere volume vmdk","description_kind":"plain","required":true}},"description_kind":"plain"},"max_items":1}},"description_kind":"plain"}}},"description_kind":"plain"},"min_items":1,"max_items":1}},"description_kind":"plain"}},"po_prometheus_rule":{"version":0,"block":{"attributes":{"id":{"type":"string","description_kind":"plain","optional":true,"computed":true}},"block_types":{"metadata":{"nesting_mode":"list","block":{"attributes":{"annotations":{"type":["map","string"],"description":"An unstructured key value map stored with the prometheus rule that may be used to store arbitrary metadata. More info: http://kubernetes.io/docs/user-guide/annotations","description_kind":"plain","optional":true},"generate_name":{"type":"string","description":"Prefix, used by the server, to generate a unique name ONLY IF the `name` field has not been provided. This value will also be combined with a unique suffix. Read more: https://github.com/kubernetes/community/blob/master/contributors/devel/sig-architecture/api-conventions.md#idempotency","description_kind":"plain","optional":true},"generation":{"type":"number","description":"A sequence number representing a specific generation of the desired state.","description_kind":"plain","computed":true},"labels":{"type":["map","string"],"description":"Map of string keys and values that can be used to organize and categorize (scope and select) the prometheus rule. May match selectors of replication controllers and services. More info: http://kubernetes.io/docs/user-guide/labels","description_kind":"plain","optional":true},"name":{"type":"string","description":"Name of the prometheus rule, must be unique. Cannot be updated. More info: http://kubernetes.io/docs/user-guide/identifiers#names","description_kind":"plain","optional":true,"computed":true},"namespace":{"type":"string","description":"Namespace defines the space within which name of the prometheus rule must be unique.","description_kind":"plain","optional":true},"resource_version":{"type":"string","description":"An opaque value that represents the internal version of this prometheus rule that can be used by clients to determine when prometheus rule has changed. Read more: https://github.com/kubernetes/community/blob/master/contributors/devel/sig-architecture/api-conventions.md#concurrency-control-and-consistency","description_kind":"plain","computed":true},"self_link":{"type":"string","description":"A URL representing this prometheus rule.","description_kind":"plain","computed":true},"uid":{"type":"string","description":"The unique in time and space value for this prometheus rule. More info: http://kubernetes.io/docs/user-guide/identifiers#uids","description_kind":"plain","computed":true}},"description_kind":"plain"},"min_items":1,"max_items":1},"spec":{"nesting_mode":"list","block":{"block_types":{"groups":{"nesting_mode":"list","block":{"attributes":{"interval":{"type":"string","description_kind":"plain","optional":true},"name":{"type":"string","description":"Name of Prometheus Rule.","description_kind":"plain","required":true}},"block_types":{"rules":{"nesting_mode":"list","block":{"attributes":{"alert":{"type":"string","description":"(empty)","description_kind":"plain","optional":true},"annotations":{"type":["map","string"],"description":"(empty)","description_kind":"plain","optional":true},"expr":{"type":"string","description":"(empty)","description_kind":"plain","required":true},"for":{"type":"string","description":"(empty)","description_kind":"plain","optional":true},"labels":{"type":["map","string"],"description":"(empty)","description_kind":"plain","optional":true},"record":{"type":"string","description":"(empty)","description_kind":"plain","optional":true}},"description_kind":"plain"}}},"description_kind":"plain"}}},"description_kind":"plain"},"min_items":1,"max_items":1}},"description_kind":"plain"}},"po_service_monitor":{"version":0,"block":{"attributes":{"id":{"type":"string","description_kind":"plain","optional":true,"computed":true}},"block_types":{"metadata":{"nesting_mode":"list","block":{"attributes":{"annotations":{"type":["map","string"],"description":"An unstructured key value map stored with the service monitor that may be used to store arbitrary metadata. More info: http://kubernetes.io/docs/user-guide/annotations","description_kind":"plain","optional":true},"generate_name":{"type":"string","description":"Prefix, used by the server, to generate a unique name ONLY IF the `name` field has not been provided. This value will also be combined with a unique suffix. Read more: https://github.com/kubernetes/community/blob/master/contributors/devel/sig-architecture/api-conventions.md#idempotency","description_kind":"plain","optional":true},"generation":{"type":"number","description":"A sequence number representing a specific generation of the desired state.","description_kind":"plain","computed":true},"labels":{"type":["map","string"],"description":"Map of string keys and values that can be used to organize and categorize (scope and select) the service monitor. May match selectors of replication controllers and services. More info: http://kubernetes.io/docs/user-guide/labels","description_kind":"plain","optional":true},"name":{"type":"string","description":"Name of the service monitor, must be unique. Cannot be updated. More info: http://kubernetes.io/docs/user-guide/identifiers#names","description_kind":"plain","optional":true,"computed":true},"namespace":{"type":"string","description":"Namespace defines the space within which name of the service monitor must be unique.","description_kind":"plain","optional":true},"resource_version":{"type":"string","description":"An opaque value that represents the internal version of this service monitor that can be used by clients to determine when service monitor has changed. Read more: https://github.com/kubernetes/community/blob/master/contributors/devel/sig-architecture/api-conventions.md#concurrency-control-and-consistency","description_kind":"plain","computed":true},"self_link":{"type":"string","description":"A URL representing this service monitor.","description_kind":"plain","computed":true},"uid":{"type":"string","description":"The unique in time and space value for this service monitor. More info: http://kubernetes.io/docs/user-guide/identifiers#uids","description_kind":"plain","computed":true}},"description_kind":"plain"},"min_items":1,"max_items":1},"spec":{"nesting_mode":"list","block":{"attributes":{"job_label":{"type":"string","description":"The label to use to retrieve the job name from. More info: https://github.com/coreos/prometheus-operator/blob/master/Documentation/api.md#servicemonitorspec","description_kind":"plain","optional":true},"pod_target_labels":{"type":["list","string"],"description":"PodTargetLabels transfers labels on the Kubernetes Pod onto the target. More info: https://github.com/coreos/prometheus-operator/blob/master/Documentation/api.md#servicemonitorspec","description_kind":"plain","optional":true},"sample_limit":{"type":"number","description":"SampleLimit defines per-scrape limit on number of scraped samples that will be accepted. More info: https://github.com/coreos/prometheus-operator/blob/master/Documentation/api.md#servicemonitorspec","description_kind":"plain","optional":true},"target_labels":{"type":["list","string"],"description":"TargetLabels transfers labels on the Kubernetes Service onto the target. More info: https://github.com/coreos/prometheus-operator/blob/master/Documentation/api.md#servicemonitorspec","description_kind":"plain","optional":true}},"block_types":{"endpoints":{"nesting_mode":"list","block":{"attributes":{"bearer_token_file":{"type":"string","description":"File to read bearer token for scraping targets.","description_kind":"plain","optional":true},"honor_labels":{"type":"bool","description":"HonorLabels chooses the metric's labels on collisions with target labels.","description_kind":"plain","optional":true},"honor_timestamps":{"type":"bool","description":"HonorTimestamps controls whether Prometheus respects the timestamps present in scraped data.","description_kind":"plain","optional":true},"interval":{"type":"string","description":"Interval at which metrics should be scraped.","description_kind":"plain","optional":true},"path":{"type":"string","description":"HTTP path to scrape for metrics. \tMore info https://github.com/coreos/prometheus-operator/blob/master/Documentation/api.md#servicemonitorspec","description_kind":"plain","optional":true},"port":{"type":"string","description":"Name of the port this endpoint refers to. Mutually exclusive with targetPort. More info: https://github.com/coreos/prometheus-operator/blob/master/Documentation/api.md#servicemonitorspec","description_kind":"plain","optional":true},"proxy_url":{"type":"string","description":"ProxyURL eg http://proxyserver:2195 Directs scrapes to proxy through this endpoint.","description_kind":"plain","optional":true},"scheme":{"type":"string","description":"HTTP scheme to use for scraping.","description_kind":"plain","optional":true},"scrape_timeout":{"type":"string","description":"Timeout after which the scrape is ended.","description_kind":"plain","optional":true}},"block_types":{"basic_auth":{"nesting_mode":"list","block":{"block_types":{"password":{"nesting_mode":"list","block":{"attributes":{"key":{"type":"string","description":"The key of the secret to select from. Must be a valid secret key.","description_kind":"plain","optional":true},"name":{"type":"string","description":"Name of the referent. More info: http://kubernetes.io/docs/user-guide/identifiers#names","description_kind":"plain","optional":true}},"description_kind":"plain"},"max_items":1},"username":{"nesting_mode":"list","block":{"attributes":{"key":{"type":"string","description":"The key of the secret to select from. Must be a valid secret key.","description_kind":"plain","optional":true},"name":{"type":"string","description":"Name of the referent. More info: http://kubernetes.io/docs/user-guide/identifiers#names","description_kind":"plain","optional":true}},"description_kind":"plain"},"max_items":1}},"description_kind":"plain"},"max_items":1},"bearer_token_secret":{"nesting_mode":"list","block":{"attributes":{"key":{"type":"string","description":"The key of the secret to select from. Must be a valid secret key.","description_kind":"plain","optional":true},"name":{"type":"string","description":"Name of the referent. More info: http://kubernetes.io/docs/user-guide/identifiers#names","description_kind":"plain","optional":true}},"description_kind":"plain"},"max_items":1},"metric_relabelings":{"nesting_mode":"list","block":{"attributes":{"action":{"type":"string","description":"Action to perform based on regex matching. Default is 'replace'","description_kind":"plain","optional":true},"modulus":{"type":"number","description":"Modulus to take of the hash of the source label values.","description_kind":"plain","optional":true},"regex":{"type":"string","description":"Regular expression against which the extracted value is matched. Default is '(.*)'","description_kind":"plain","optional":true},"replacement":{"type":"string","description":"Replacement value against which a regex replace is performed if the regular expression matches. Regex capture groups are available. Default is '$1'","description_kind":"plain","optional":true},"separator":{"type":"string","description":"Separator placed between concatenated source label values. default is ';'.","description_kind":"plain","optional":true},"source_labels":{"type":["set","string"],"description":"The source labels select values from existing labels. More info: https://github.com/coreos/prometheus-operator/blob/master/Documentation/api.md#relabelconfig","description_kind":"plain","optional":true},"target_label":{"type":"string","description":"Label to which the resulting value is written in a replace action. It is mandatory for replace actions. Regex capture groups are available.","description_kind":"plain","optional":true}},"description_kind":"plain"}},"relabelings":{"nesting_mode":"list","block":{"attributes":{"action":{"type":"string","description":"Action to perform based on regex matching. Default is 'replace'","description_kind":"plain","optional":true},"modulus":{"type":"number","description":"Modulus to take of the hash of the source label values.","description_kind":"plain","optional":true},"regex":{"type":"string","description":"Regular expression against which the extracted value is matched. Default is '(.*)'","description_kind":"plain","optional":true},"replacement":{"type":"string","description":"Replacement value against which a regex replace is performed if the regular expression matches. Regex capture groups are available. Default is '$1'","description_kind":"plain","optional":true},"separator":{"type":"string","description":"Separator placed between concatenated source label values. default is ';'.","description_kind":"plain","optional":true},"source_labels":{"type":["set","string"],"description":"The source labels select values from existing labels. More info: https://github.com/coreos/prometheus-operator/blob/master/Documentation/api.md#relabelconfig","description_kind":"plain","optional":true},"target_label":{"type":"string","description":"Label to which the resulting value is written in a replace action. It is mandatory for replace actions. Regex capture groups are available.","description_kind":"plain","optional":true}},"description_kind":"plain"}},"tls_config":{"nesting_mode":"list","block":{"attributes":{"ca_file":{"type":"string","description":"Path to the CA cert in the Prometheus container to use for the targets.","description_kind":"plain","optional":true},"cert_file":{"type":"string","description":"Path to the client cert file in the Prometheus container for the targets.","description_kind":"plain","optional":true},"insecure_skip_verify":{"type":"bool","description":"Disable target certificate validation.","description_kind":"plain","optional":true},"key_file":{"type":"string","description":"Path to the client key file in the Prometheus container for the targets.","description_kind":"plain","optional":true},"server_name":{"type":"string","description":"Used to verify the hostname for the targets.","description_kind":"plain","optional":true}},"block_types":{"ca":{"nesting_mode":"list","block":{"block_types":{"config_map":{"nesting_mode":"list","block":{"attributes":{"key":{"type":"string","description":"The key to select.","description_kind":"plain","optional":true},"name":{"type":"string","description":"Name of the referent. More info: http://kubernetes.io/docs/user-guide/identifiers#names","description_kind":"plain","optional":true}},"description_kind":"plain"},"max_items":1},"secret":{"nesting_mode":"list","block":{"attributes":{"key":{"type":"string","description":"The key of the secret to select from. Must be a valid secret key.","description_kind":"plain","optional":true},"name":{"type":"string","description":"Name of the referent. More info: http://kubernetes.io/docs/user-guide/identifiers#names","description_kind":"plain","optional":true}},"description_kind":"plain"},"max_items":1}},"description_kind":"plain"},"max_items":1},"cert":{"nesting_mode":"list","block":{"block_types":{"config_map":{"nesting_mode":"list","block":{"attributes":{"key":{"type":"string","description":"The key to select.","description_kind":"plain","optional":true},"name":{"type":"string","description":"Name of the referent. More info: http://kubernetes.io/docs/user-guide/identifiers#names","description_kind":"plain","optional":true}},"description_kind":"plain"},"max_items":1},"secret":{"nesting_mode":"list","block":{"attributes":{"key":{"type":"string","description":"The key of the secret to select from. Must be a valid secret key.","description_kind":"plain","optional":true},"name":{"type":"string","description":"Name of the referent. More info: http://kubernetes.io/docs/user-guide/identifiers#names","description_kind":"plain","optional":true}},"description_kind":"plain"},"max_items":1}},"description_kind":"plain"},"max_items":1},"key_secret":{"nesting_mode":"list","block":{"attributes":{"key":{"type":"string","description":"The key of the secret to select from. Must be a valid secret key.","description_kind":"plain","optional":true},"name":{"type":"string","description":"Name of the referent. More info: http://kubernetes.io/docs/user-guide/identifiers#names","description_kind":"plain","optional":true}},"description_kind":"plain"},"max_items":1}},"description_kind":"plain"},"max_items":1}},"description_kind":"plain"}},"namespace_selector":{"nesting_mode":"list","block":{"attributes":{"any":{"type":"bool","description":"Boolean describing whether all namespaces are selected in contrast to a list restricting them.","description_kind":"plain","optional":true},"match_names":{"type":["set","string"],"description":"List of namespace names","description_kind":"plain","optional":true}},"description_kind":"plain"},"max_items":1},"selector":{"nesting_mode":"list","block":{"attributes":{"match_labels":{"type":["map","string"],"description":"A map of {key,value} pairs. A single {key,value} in the matchLabels map is equivalent to an element of `match_expressions`, whose key field is \"key\", the operator is \"In\", and the values array contains only \"value\". The requirements are ANDed.","description_kind":"plain","optional":true}},"block_types":{"match_expressions":{"nesting_mode":"list","block":{"attributes":{"key":{"type":"string","description":"The label key that the selector applies to.","description_kind":"plain","optional":true},"operator":{"type":"string","description":"A key's relationship to a set of values. Valid operators ard `In`, `NotIn`, `Exists` and `DoesNotExist`.","description_kind":"plain","optional":true},"values":{"type":["set","string"],"description":"An array of string values. If the operator is `In` or `NotIn`, the values array must be non-empty. If the operator is `Exists` or `DoesNotExist`, the values array must be empty. This array is replaced during a strategic merge patch.","description_kind":"plain","optional":true}},"description_kind":"plain"}}},"description_kind":"plain"},"max_items":1}},"description_kind":"plain"},"min_items":1,"max_items":1}},"description_kind":"plain"}}}}}}
