{"format_version":"0.1","provider_schemas":{"registry.terraform.io/fortinetdev/fortios":{"provider":{"version":0,"block":{"attributes":{"cabundlefile":{"type":"string","description":"CA Bundle file","description_kind":"plain","optional":true},"fmg_cabundlefile":{"type":"string","description":"CA Bundle file","description_kind":"plain","optional":true},"fmg_hostname":{"type":"string","description":"Hostname/IP address of the FortiManager to connect to","description_kind":"plain","optional":true},"fmg_insecure":{"type":"bool","description_kind":"plain","optional":true},"fmg_passwd":{"type":"string","description_kind":"plain","optional":true},"fmg_username":{"type":"string","description_kind":"plain","optional":true},"hostname":{"type":"string","description":"The hostname/IP address of the FortiOS to be connected","description_kind":"plain","optional":true},"insecure":{"type":"bool","description_kind":"plain","optional":true},"token":{"type":"string","description_kind":"plain","optional":true},"vdom":{"type":"string","description_kind":"plain","optional":true}},"description_kind":"plain"}},"resource_schemas":{"fortios_alertemail_setting":{"version":0,"block":{"attributes":{"admin_login_logs":{"type":"string","description_kind":"plain","optional":true,"computed":true},"alert_interval":{"type":"number","description_kind":"plain","optional":true,"computed":true},"amc_interface_bypass_mode":{"type":"string","description_kind":"plain","optional":true,"computed":true},"antivirus_logs":{"type":"string","description_kind":"plain","optional":true,"computed":true},"configuration_changes_logs":{"type":"string","description_kind":"plain","optional":true,"computed":true},"critical_interval":{"type":"number","description_kind":"plain","optional":true,"computed":true},"debug_interval":{"type":"number","description_kind":"plain","optional":true,"computed":true},"email_interval":{"type":"number","description_kind":"plain","optional":true,"computed":true},"emergency_interval":{"type":"number","description_kind":"plain","optional":true,"computed":true},"error_interval":{"type":"number","description_kind":"plain","optional":true,"computed":true},"fds_license_expiring_days":{"type":"number","description_kind":"plain","optional":true,"computed":true},"fds_license_expiring_warning":{"type":"string","description_kind":"plain","optional":true,"computed":true},"fds_update_logs":{"type":"string","description_kind":"plain","optional":true,"computed":true},"filter_mode":{"type":"string","description_kind":"plain","optional":true,"computed":true},"fips_cc_errors":{"type":"string","description_kind":"plain","optional":true,"computed":true},"firewall_authentication_failure_logs":{"type":"string","description_kind":"plain","optional":true,"computed":true},"fortiguard_log_quota_warning":{"type":"string","description_kind":"plain","optional":true,"computed":true},"fsso_disconnect_logs":{"type":"string","description_kind":"plain","optional":true,"computed":true},"ha_logs":{"type":"string","description_kind":"plain","optional":true,"computed":true},"id":{"type":"string","description_kind":"plain","optional":true,"computed":true},"information_interval":{"type":"number","description_kind":"plain","optional":true,"computed":true},"ips_logs":{"type":"string","description_kind":"plain","optional":true,"computed":true},"ipsec_errors_logs":{"type":"string","description_kind":"plain","optional":true,"computed":true},"local_disk_usage":{"type":"number","description_kind":"plain","optional":true,"computed":true},"log_disk_usage_warning":{"type":"string","description_kind":"plain","optional":true,"computed":true},"mailto1":{"type":"string","description_kind":"plain","optional":true,"computed":true},"mailto2":{"type":"string","description_kind":"plain","optional":true,"computed":true},"mailto3":{"type":"string","description_kind":"plain","optional":true,"computed":true},"notification_interval":{"type":"number","description_kind":"plain","optional":true,"computed":true},"ppp_errors_logs":{"type":"string","description_kind":"plain","optional":true,"computed":true},"severity":{"type":"string","description_kind":"plain","optional":true,"computed":true},"ssh_logs":{"type":"string","description_kind":"plain","optional":true,"computed":true},"sslvpn_authentication_errors_logs":{"type":"string","description_kind":"plain","optional":true,"computed":true},"username":{"type":"string","description_kind":"plain","optional":true,"computed":true},"violation_traffic_logs":{"type":"string","description_kind":"plain","optional":true,"computed":true},"warning_interval":{"type":"number","description_kind":"plain","optional":true,"computed":true},"webfilter_logs":{"type":"string","description_kind":"plain","optional":true,"computed":true}},"description_kind":"plain"}},"fortios_antivirus_heuristic":{"version":0,"block":{"attributes":{"id":{"type":"string","description_kind":"plain","optional":true,"computed":true},"mode":{"type":"string","description_kind":"plain","optional":true,"computed":true}},"description_kind":"plain"}},"fortios_antivirus_profile":{"version":0,"block":{"attributes":{"analytics_bl_filetype":{"type":"number","description_kind":"plain","optional":true,"computed":true},"analytics_db":{"type":"string","description_kind":"plain","optional":true,"computed":true},"analytics_max_upload":{"type":"number","description_kind":"plain","optional":true,"computed":true},"analytics_wl_filetype":{"type":"number","description_kind":"plain","optional":true,"computed":true},"av_block_log":{"type":"string","description_kind":"plain","optional":true,"computed":true},"av_virus_log":{"type":"string","description_kind":"plain","optional":true,"computed":true},"comment":{"type":"string","description_kind":"plain","optional":true},"extended_log":{"type":"string","description_kind":"plain","optional":true,"computed":true},"ftgd_analytics":{"type":"string","description_kind":"plain","optional":true,"computed":true},"id":{"type":"string","description_kind":"plain","optional":true,"computed":true},"inspection_mode":{"type":"string","description_kind":"plain","optional":true,"computed":true},"mobile_malware_db":{"type":"string","description_kind":"plain","optional":true,"computed":true},"name":{"type":"string","description_kind":"plain","required":true},"replacemsg_group":{"type":"string","description_kind":"plain","optional":true,"computed":true},"scan_mode":{"type":"string","description_kind":"plain","optional":true,"computed":true}},"block_types":{"content_disarm":{"nesting_mode":"list","block":{"attributes":{"cover_page":{"type":"string","description_kind":"plain","optional":true,"computed":true},"detect_only":{"type":"string","description_kind":"plain","optional":true,"computed":true},"office_embed":{"type":"string","description_kind":"plain","optional":true,"computed":true},"office_hylink":{"type":"string","description_kind":"plain","optional":true,"computed":true},"office_linked":{"type":"string","description_kind":"plain","optional":true,"computed":true},"office_macro":{"type":"string","description_kind":"plain","optional":true,"computed":true},"original_file_destination":{"type":"string","description_kind":"plain","optional":true,"computed":true},"pdf_act_form":{"type":"string","description_kind":"plain","optional":true,"computed":true},"pdf_act_gotor":{"type":"string","description_kind":"plain","optional":true,"computed":true},"pdf_act_java":{"type":"string","description_kind":"plain","optional":true,"computed":true},"pdf_act_launch":{"type":"string","description_kind":"plain","optional":true,"computed":true},"pdf_act_movie":{"type":"string","description_kind":"plain","optional":true,"computed":true},"pdf_act_sound":{"type":"string","description_kind":"plain","optional":true,"computed":true},"pdf_embedfile":{"type":"string","description_kind":"plain","optional":true,"computed":true},"pdf_hyperlink":{"type":"string","description_kind":"plain","optional":true,"computed":true},"pdf_javacode":{"type":"string","description_kind":"plain","optional":true,"computed":true}},"description_kind":"plain"},"max_items":1},"ftp":{"nesting_mode":"list","block":{"attributes":{"archive_block":{"type":"string","description_kind":"plain","optional":true,"computed":true},"archive_log":{"type":"string","description_kind":"plain","optional":true,"computed":true},"emulator":{"type":"string","description_kind":"plain","optional":true,"computed":true},"options":{"type":"string","description_kind":"plain","optional":true,"computed":true},"outbreak_prevention":{"type":"string","description_kind":"plain","optional":true,"computed":true}},"description_kind":"plain"},"max_items":1},"http":{"nesting_mode":"list","block":{"attributes":{"archive_block":{"type":"string","description_kind":"plain","optional":true,"computed":true},"archive_log":{"type":"string","description_kind":"plain","optional":true,"computed":true},"content_disarm":{"type":"string","description_kind":"plain","optional":true,"computed":true},"emulator":{"type":"string","description_kind":"plain","optional":true,"computed":true},"options":{"type":"string","description_kind":"plain","optional":true,"computed":true},"outbreak_prevention":{"type":"string","description_kind":"plain","optional":true,"computed":true}},"description_kind":"plain"},"max_items":1},"imap":{"nesting_mode":"list","block":{"attributes":{"archive_block":{"type":"string","description_kind":"plain","optional":true,"computed":true},"archive_log":{"type":"string","description_kind":"plain","optional":true,"computed":true},"content_disarm":{"type":"string","description_kind":"plain","optional":true,"computed":true},"emulator":{"type":"string","description_kind":"plain","optional":true,"computed":true},"executables":{"type":"string","description_kind":"plain","optional":true,"computed":true},"options":{"type":"string","description_kind":"plain","optional":true,"computed":true},"outbreak_prevention":{"type":"string","description_kind":"plain","optional":true,"computed":true}},"description_kind":"plain"},"max_items":1},"mapi":{"nesting_mode":"list","block":{"attributes":{"archive_block":{"type":"string","description_kind":"plain","optional":true,"computed":true},"archive_log":{"type":"string","description_kind":"plain","optional":true,"computed":true},"emulator":{"type":"string","description_kind":"plain","optional":true,"computed":true},"executables":{"type":"string","description_kind":"plain","optional":true,"computed":true},"options":{"type":"string","description_kind":"plain","optional":true,"computed":true},"outbreak_prevention":{"type":"string","description_kind":"plain","optional":true,"computed":true}},"description_kind":"plain"},"max_items":1},"nac_quar":{"nesting_mode":"list","block":{"attributes":{"expiry":{"type":"string","description_kind":"plain","optional":true,"computed":true},"infected":{"type":"string","description_kind":"plain","optional":true,"computed":true},"log":{"type":"string","description_kind":"plain","optional":true,"computed":true}},"description_kind":"plain"},"max_items":1},"nntp":{"nesting_mode":"list","block":{"attributes":{"archive_block":{"type":"string","description_kind":"plain","optional":true,"computed":true},"archive_log":{"type":"string","description_kind":"plain","optional":true,"computed":true},"emulator":{"type":"string","description_kind":"plain","optional":true,"computed":true},"options":{"type":"string","description_kind":"plain","optional":true,"computed":true},"outbreak_prevention":{"type":"string","description_kind":"plain","optional":true,"computed":true}},"description_kind":"plain"},"max_items":1},"outbreak_prevention":{"nesting_mode":"list","block":{"attributes":{"external_blocklist":{"type":"string","description_kind":"plain","optional":true,"computed":true},"ftgd_service":{"type":"string","description_kind":"plain","optional":true,"computed":true}},"description_kind":"plain"},"max_items":1},"pop3":{"nesting_mode":"list","block":{"attributes":{"archive_block":{"type":"string","description_kind":"plain","optional":true,"computed":true},"archive_log":{"type":"string","description_kind":"plain","optional":true,"computed":true},"content_disarm":{"type":"string","description_kind":"plain","optional":true,"computed":true},"emulator":{"type":"string","description_kind":"plain","optional":true,"computed":true},"executables":{"type":"string","description_kind":"plain","optional":true,"computed":true},"options":{"type":"string","description_kind":"plain","optional":true,"computed":true},"outbreak_prevention":{"type":"string","description_kind":"plain","optional":true,"computed":true}},"description_kind":"plain"},"max_items":1},"smb":{"nesting_mode":"list","block":{"attributes":{"archive_block":{"type":"string","description_kind":"plain","optional":true,"computed":true},"archive_log":{"type":"string","description_kind":"plain","optional":true,"computed":true},"emulator":{"type":"string","description_kind":"plain","optional":true,"computed":true},"options":{"type":"string","description_kind":"plain","optional":true,"computed":true},"outbreak_prevention":{"type":"string","description_kind":"plain","optional":true,"computed":true}},"description_kind":"plain"},"max_items":1},"smtp":{"nesting_mode":"list","block":{"attributes":{"archive_block":{"type":"string","description_kind":"plain","optional":true,"computed":true},"archive_log":{"type":"string","description_kind":"plain","optional":true,"computed":true},"content_disarm":{"type":"string","description_kind":"plain","optional":true,"computed":true},"emulator":{"type":"string","description_kind":"plain","optional":true,"computed":true},"executables":{"type":"string","description_kind":"plain","optional":true,"computed":true},"options":{"type":"string","description_kind":"plain","optional":true,"computed":true},"outbreak_prevention":{"type":"string","description_kind":"plain","optional":true,"computed":true}},"description_kind":"plain"},"max_items":1}},"description_kind":"plain"}},"fortios_antivirus_quarantine":{"version":0,"block":{"attributes":{"agelimit":{"type":"number","description_kind":"plain","optional":true,"computed":true},"destination":{"type":"string","description_kind":"plain","optional":true,"computed":true},"drop_blocked":{"type":"string","description_kind":"plain","optional":true,"computed":true},"drop_heuristic":{"type":"string","description_kind":"plain","optional":true,"computed":true},"drop_infected":{"type":"string","description_kind":"plain","optional":true,"computed":true},"id":{"type":"string","description_kind":"plain","optional":true,"computed":true},"lowspace":{"type":"string","description_kind":"plain","optional":true,"computed":true},"maxfilesize":{"type":"number","description_kind":"plain","optional":true,"computed":true},"quarantine_quota":{"type":"number","description_kind":"plain","optional":true,"computed":true},"store_blocked":{"type":"string","description_kind":"plain","optional":true,"computed":true},"store_heuristic":{"type":"string","description_kind":"plain","optional":true,"computed":true},"store_infected":{"type":"string","description_kind":"plain","optional":true,"computed":true}},"description_kind":"plain"}},"fortios_antivirus_settings":{"version":0,"block":{"attributes":{"default_db":{"type":"string","description_kind":"plain","optional":true,"computed":true},"grayware":{"type":"string","description_kind":"plain","optional":true,"computed":true},"id":{"type":"string","description_kind":"plain","optional":true,"computed":true},"override_timeout":{"type":"number","description_kind":"plain","optional":true,"computed":true}},"description_kind":"plain"}},"fortios_application_custom":{"version":0,"block":{"attributes":{"behavior":{"type":"string","description_kind":"plain","optional":true,"computed":true},"category":{"type":"number","description_kind":"plain","required":true},"comment":{"type":"string","description_kind":"plain","optional":true,"computed":true},"fosid":{"type":"number","description_kind":"plain","optional":true,"computed":true},"id":{"type":"string","description_kind":"plain","optional":true,"computed":true},"name":{"type":"string","description_kind":"plain","optional":true,"computed":true},"protocol":{"type":"string","description_kind":"plain","optional":true,"computed":true},"signature":{"type":"string","description_kind":"plain","optional":true,"computed":true},"tag":{"type":"string","description_kind":"plain","optional":true,"computed":true},"technology":{"type":"string","description_kind":"plain","optional":true,"computed":true},"vendor":{"type":"string","description_kind":"plain","optional":true,"computed":true}},"description_kind":"plain"}},"fortios_application_group":{"version":0,"block":{"attributes":{"comment":{"type":"string","description_kind":"plain","optional":true},"id":{"type":"string","description_kind":"plain","optional":true,"computed":true},"name":{"type":"string","description_kind":"plain","optional":true,"computed":true},"type":{"type":"string","description_kind":"plain","optional":true,"computed":true}},"block_types":{"application":{"nesting_mode":"list","block":{"attributes":{"id":{"type":"number","description_kind":"plain","optional":true,"computed":true}},"description_kind":"plain"}},"category":{"nesting_mode":"list","block":{"attributes":{"id":{"type":"number","description_kind":"plain","optional":true,"computed":true}},"description_kind":"plain"}}},"description_kind":"plain"}},"fortios_application_list":{"version":0,"block":{"attributes":{"app_replacemsg":{"type":"string","description_kind":"plain","optional":true,"computed":true},"comment":{"type":"string","description_kind":"plain","optional":true},"deep_app_inspection":{"type":"string","description_kind":"plain","optional":true,"computed":true},"enforce_default_app_port":{"type":"string","description_kind":"plain","optional":true,"computed":true},"extended_log":{"type":"string","description_kind":"plain","optional":true,"computed":true},"id":{"type":"string","description_kind":"plain","optional":true,"computed":true},"name":{"type":"string","description_kind":"plain","required":true},"options":{"type":"string","description_kind":"plain","optional":true,"computed":true},"other_application_action":{"type":"string","description_kind":"plain","optional":true,"computed":true},"other_application_log":{"type":"string","description_kind":"plain","optional":true,"computed":true},"p2p_black_list":{"type":"string","description_kind":"plain","optional":true,"computed":true},"replacemsg_group":{"type":"string","description_kind":"plain","optional":true,"computed":true},"unknown_application_action":{"type":"string","description_kind":"plain","optional":true,"computed":true},"unknown_application_log":{"type":"string","description_kind":"plain","optional":true,"computed":true}},"block_types":{"entries":{"nesting_mode":"list","block":{"attributes":{"action":{"type":"string","description_kind":"plain","optional":true,"computed":true},"behavior":{"type":"string","description_kind":"plain","optional":true,"computed":true},"id":{"type":"number","description_kind":"plain","optional":true,"computed":true},"log":{"type":"string","description_kind":"plain","optional":true,"computed":true},"log_packet":{"type":"string","description_kind":"plain","optional":true,"computed":true},"per_ip_shaper":{"type":"string","description_kind":"plain","optional":true,"computed":true},"popularity":{"type":"string","description_kind":"plain","optional":true,"computed":true},"protocols":{"type":"string","description_kind":"plain","optional":true,"computed":true},"quarantine":{"type":"string","description_kind":"plain","optional":true,"computed":true},"quarantine_expiry":{"type":"string","description_kind":"plain","optional":true,"computed":true},"quarantine_log":{"type":"string","description_kind":"plain","optional":true,"computed":true},"rate_count":{"type":"number","description_kind":"plain","optional":true,"computed":true},"rate_duration":{"type":"number","description_kind":"plain","optional":true,"computed":true},"rate_mode":{"type":"string","description_kind":"plain","optional":true,"computed":true},"rate_track":{"type":"string","description_kind":"plain","optional":true,"computed":true},"session_ttl":{"type":"number","description_kind":"plain","optional":true,"computed":true},"shaper":{"type":"string","description_kind":"plain","optional":true,"computed":true},"shaper_reverse":{"type":"string","description_kind":"plain","optional":true,"computed":true},"technology":{"type":"string","description_kind":"plain","optional":true,"computed":true},"vendor":{"type":"string","description_kind":"plain","optional":true,"computed":true}},"block_types":{"application":{"nesting_mode":"list","block":{"attributes":{"id":{"type":"number","description_kind":"plain","optional":true,"computed":true}},"description_kind":"plain"}},"category":{"nesting_mode":"list","block":{"attributes":{"id":{"type":"number","description_kind":"plain","optional":true,"computed":true}},"description_kind":"plain"}},"parameters":{"nesting_mode":"list","block":{"attributes":{"id":{"type":"number","description_kind":"plain","optional":true,"computed":true},"value":{"type":"string","description_kind":"plain","optional":true,"computed":true}},"description_kind":"plain"}},"risk":{"nesting_mode":"list","block":{"attributes":{"level":{"type":"number","description_kind":"plain","optional":true,"computed":true}},"description_kind":"plain"}},"sub_category":{"nesting_mode":"list","block":{"attributes":{"id":{"type":"number","description_kind":"plain","optional":true,"computed":true}},"description_kind":"plain"}}},"description_kind":"plain"}}},"description_kind":"plain"}},"fortios_application_name":{"version":0,"block":{"attributes":{"behavior":{"type":"string","description_kind":"plain","optional":true,"computed":true},"category":{"type":"number","description_kind":"plain","required":true},"fosid":{"type":"number","description_kind":"plain","optional":true,"computed":true},"id":{"type":"string","description_kind":"plain","optional":true,"computed":true},"name":{"type":"string","description_kind":"plain","optional":true,"computed":true},"parameter":{"type":"string","description_kind":"plain","optional":true,"computed":true},"popularity":{"type":"number","description_kind":"plain","optional":true,"computed":true},"protocol":{"type":"string","description_kind":"plain","optional":true,"computed":true},"risk":{"type":"number","description_kind":"plain","optional":true,"computed":true},"sub_category":{"type":"number","description_kind":"plain","optional":true,"computed":true},"technology":{"type":"string","description_kind":"plain","optional":true,"computed":true},"vendor":{"type":"string","description_kind":"plain","optional":true,"computed":true},"weight":{"type":"number","description_kind":"plain","optional":true,"computed":true}},"block_types":{"metadata":{"nesting_mode":"list","block":{"attributes":{"id":{"type":"number","description_kind":"plain","optional":true,"computed":true},"metaid":{"type":"number","description_kind":"plain","optional":true,"computed":true},"valueid":{"type":"number","description_kind":"plain","optional":true,"computed":true}},"description_kind":"plain"}}},"description_kind":"plain"}},"fortios_application_rulesettings":{"version":0,"block":{"attributes":{"fosid":{"type":"number","description_kind":"plain","optional":true,"computed":true},"id":{"type":"string","description_kind":"plain","optional":true,"computed":true}},"description_kind":"plain"}},"fortios_authentication_rule":{"version":0,"block":{"attributes":{"active_auth_method":{"type":"string","description_kind":"plain","optional":true,"computed":true},"comments":{"type":"string","description_kind":"plain","optional":true},"id":{"type":"string","description_kind":"plain","optional":true,"computed":true},"ip_based":{"type":"string","description_kind":"plain","optional":true,"computed":true},"name":{"type":"string","description_kind":"plain","optional":true,"computed":true},"protocol":{"type":"string","description_kind":"plain","optional":true,"computed":true},"sso_auth_method":{"type":"string","description_kind":"plain","optional":true,"computed":true},"status":{"type":"string","description_kind":"plain","optional":true,"computed":true},"transaction_based":{"type":"string","description_kind":"plain","optional":true,"computed":true},"web_auth_cookie":{"type":"string","description_kind":"plain","optional":true,"computed":true}},"block_types":{"srcaddr":{"nesting_mode":"list","block":{"attributes":{"name":{"type":"string","description_kind":"plain","optional":true,"computed":true}},"description_kind":"plain"}},"srcaddr6":{"nesting_mode":"list","block":{"attributes":{"name":{"type":"string","description_kind":"plain","optional":true,"computed":true}},"description_kind":"plain"}}},"description_kind":"plain"}},"fortios_authentication_scheme":{"version":0,"block":{"attributes":{"domain_controller":{"type":"string","description_kind":"plain","optional":true,"computed":true},"fsso_agent_for_ntlm":{"type":"string","description_kind":"plain","optional":true,"computed":true},"fsso_guest":{"type":"string","description_kind":"plain","optional":true,"computed":true},"id":{"type":"string","description_kind":"plain","optional":true,"computed":true},"kerberos_keytab":{"type":"string","description_kind":"plain","optional":true,"computed":true},"method":{"type":"string","description_kind":"plain","required":true},"name":{"type":"string","description_kind":"plain","optional":true,"computed":true},"negotiate_ntlm":{"type":"string","description_kind":"plain","optional":true,"computed":true},"require_tfa":{"type":"string","description_kind":"plain","optional":true,"computed":true},"ssh_ca":{"type":"string","description_kind":"plain","optional":true,"computed":true}},"block_types":{"user_database":{"nesting_mode":"list","block":{"attributes":{"name":{"type":"string","description_kind":"plain","optional":true,"computed":true}},"description_kind":"plain"}}},"description_kind":"plain"}},"fortios_authentication_setting":{"version":0,"block":{"attributes":{"active_auth_scheme":{"type":"string","description_kind":"plain","optional":true,"computed":true},"auth_https":{"type":"string","description_kind":"plain","optional":true,"computed":true},"captive_portal":{"type":"string","description_kind":"plain","optional":true,"computed":true},"captive_portal6":{"type":"string","description_kind":"plain","optional":true,"computed":true},"captive_portal_ip":{"type":"string","description_kind":"plain","optional":true,"computed":true},"captive_portal_ip6":{"type":"string","description_kind":"plain","optional":true,"computed":true},"captive_portal_port":{"type":"number","description_kind":"plain","optional":true,"computed":true},"captive_portal_ssl_port":{"type":"number","description_kind":"plain","optional":true,"computed":true},"captive_portal_type":{"type":"string","description_kind":"plain","optional":true,"computed":true},"id":{"type":"string","description_kind":"plain","optional":true,"computed":true},"sso_auth_scheme":{"type":"string","description_kind":"plain","optional":true,"computed":true}},"description_kind":"plain"}},"fortios_certificate_ca":{"version":0,"block":{"attributes":{"auto_update_days":{"type":"number","description_kind":"plain","optional":true,"computed":true},"auto_update_days_warning":{"type":"number","description_kind":"plain","optional":true,"computed":true},"ca":{"type":"string","description_kind":"plain","required":true},"id":{"type":"string","description_kind":"plain","optional":true,"computed":true},"last_updated":{"type":"number","description_kind":"plain","optional":true,"computed":true},"name":{"type":"string","description_kind":"plain","required":true},"range":{"type":"string","description_kind":"plain","optional":true,"computed":true},"scep_url":{"type":"string","description_kind":"plain","optional":true,"computed":true},"source":{"type":"string","description_kind":"plain","optional":true,"computed":true},"source_ip":{"type":"string","description_kind":"plain","optional":true,"computed":true},"trusted":{"type":"string","description_kind":"plain","optional":true,"computed":true}},"description_kind":"plain"}},"fortios_certificate_crl":{"version":0,"block":{"attributes":{"crl":{"type":"string","description_kind":"plain","optional":true,"computed":true},"http_url":{"type":"string","description_kind":"plain","optional":true,"computed":true},"id":{"type":"string","description_kind":"plain","optional":true,"computed":true},"last_updated":{"type":"number","description_kind":"plain","optional":true,"computed":true},"ldap_password":{"type":"string","description_kind":"plain","optional":true},"ldap_server":{"type":"string","description_kind":"plain","optional":true,"computed":true},"ldap_username":{"type":"string","description_kind":"plain","optional":true,"computed":true},"name":{"type":"string","description_kind":"plain","required":true},"range":{"type":"string","description_kind":"plain","optional":true,"computed":true},"scep_cert":{"type":"string","description_kind":"plain","optional":true,"computed":true},"scep_url":{"type":"string","description_kind":"plain","optional":true,"computed":true},"source":{"type":"string","description_kind":"plain","optional":true,"computed":true},"source_ip":{"type":"string","description_kind":"plain","optional":true,"computed":true},"update_interval":{"type":"number","description_kind":"plain","optional":true,"computed":true},"update_vdom":{"type":"string","description_kind":"plain","optional":true,"computed":true}},"description_kind":"plain"}},"fortios_certificate_local":{"version":0,"block":{"attributes":{"auto_regenerate_days":{"type":"number","description_kind":"plain","optional":true,"computed":true},"auto_regenerate_days_warning":{"type":"number","description_kind":"plain","optional":true,"computed":true},"ca_identifier":{"type":"string","description_kind":"plain","optional":true,"computed":true},"certificate":{"type":"string","description_kind":"plain","optional":true,"computed":true},"cmp_path":{"type":"string","description_kind":"plain","optional":true,"computed":true},"cmp_regeneration_method":{"type":"string","description_kind":"plain","optional":true,"computed":true},"cmp_server":{"type":"string","description_kind":"plain","optional":true,"computed":true},"cmp_server_cert":{"type":"string","description_kind":"plain","optional":true,"computed":true},"comments":{"type":"string","description_kind":"plain","optional":true,"computed":true},"csr":{"type":"string","description_kind":"plain","optional":true,"computed":true},"enroll_protocol":{"type":"string","description_kind":"plain","optional":true,"computed":true},"id":{"type":"string","description_kind":"plain","optional":true,"computed":true},"ike_localid":{"type":"string","description_kind":"plain","optional":true,"computed":true},"ike_localid_type":{"type":"string","description_kind":"plain","optional":true,"computed":true},"last_updated":{"type":"number","description_kind":"plain","optional":true,"computed":true},"name":{"type":"string","description_kind":"plain","required":true},"name_encoding":{"type":"string","description_kind":"plain","optional":true,"computed":true},"password":{"type":"string","description_kind":"plain","optional":true},"private_key":{"type":"string","description_kind":"plain","required":true},"range":{"type":"string","description_kind":"plain","optional":true,"computed":true},"scep_password":{"type":"string","description_kind":"plain","optional":true},"scep_url":{"type":"string","description_kind":"plain","optional":true,"computed":true},"source":{"type":"string","description_kind":"plain","optional":true,"computed":true},"source_ip":{"type":"string","description_kind":"plain","optional":true,"computed":true},"state":{"type":"string","description_kind":"plain","optional":true,"computed":true}},"description_kind":"plain"}},"fortios_dlp_filepattern":{"version":0,"block":{"attributes":{"comment":{"type":"string","description_kind":"plain","optional":true},"fosid":{"type":"number","description_kind":"plain","required":true},"id":{"type":"string","description_kind":"plain","optional":true,"computed":true},"name":{"type":"string","description_kind":"plain","required":true}},"block_types":{"entries":{"nesting_mode":"list","block":{"attributes":{"file_type":{"type":"string","description_kind":"plain","optional":true,"computed":true},"filter_type":{"type":"string","description_kind":"plain","optional":true,"computed":true},"pattern":{"type":"string","description_kind":"plain","optional":true,"computed":true}},"description_kind":"plain"}}},"description_kind":"plain"}},"fortios_dlp_fpdocsource":{"version":0,"block":{"attributes":{"date":{"type":"number","description_kind":"plain","optional":true,"computed":true},"file_path":{"type":"string","description_kind":"plain","optional":true,"computed":true},"file_pattern":{"type":"string","description_kind":"plain","optional":true,"computed":true},"id":{"type":"string","description_kind":"plain","optional":true,"computed":true},"keep_modified":{"type":"string","description_kind":"plain","optional":true,"computed":true},"name":{"type":"string","description_kind":"plain","optional":true,"computed":true},"password":{"type":"string","description_kind":"plain","optional":true},"period":{"type":"string","description_kind":"plain","optional":true,"computed":true},"remove_deleted":{"type":"string","description_kind":"plain","optional":true,"computed":true},"scan_on_creation":{"type":"string","description_kind":"plain","optional":true,"computed":true},"scan_subdirectories":{"type":"string","description_kind":"plain","optional":true,"computed":true},"sensitivity":{"type":"string","description_kind":"plain","optional":true,"computed":true},"server":{"type":"string","description_kind":"plain","required":true},"server_type":{"type":"string","description_kind":"plain","required":true},"tod_hour":{"type":"number","description_kind":"plain","optional":true,"computed":true},"tod_min":{"type":"number","description_kind":"plain","optional":true,"computed":true},"username":{"type":"string","description_kind":"plain","required":true},"vdom":{"type":"string","description_kind":"plain","optional":true,"computed":true},"weekday":{"type":"string","description_kind":"plain","optional":true,"computed":true}},"description_kind":"plain"}},"fortios_dlp_fpsensitivity":{"version":0,"block":{"attributes":{"id":{"type":"string","description_kind":"plain","optional":true,"computed":true},"name":{"type":"string","description_kind":"plain","optional":true,"computed":true}},"description_kind":"plain"}},"fortios_dlp_sensor":{"version":0,"block":{"attributes":{"comment":{"type":"string","description_kind":"plain","optional":true},"dlp_log":{"type":"string","description_kind":"plain","optional":true,"computed":true},"extended_log":{"type":"string","description_kind":"plain","optional":true,"computed":true},"flow_based":{"type":"string","description_kind":"plain","optional":true,"computed":true},"full_archive_proto":{"type":"string","description_kind":"plain","optional":true,"computed":true},"id":{"type":"string","description_kind":"plain","optional":true,"computed":true},"nac_quar_log":{"type":"string","description_kind":"plain","optional":true,"computed":true},"name":{"type":"string","description_kind":"plain","required":true},"options":{"type":"string","description_kind":"plain","optional":true,"computed":true},"replacemsg_group":{"type":"string","description_kind":"plain","optional":true,"computed":true},"summary_proto":{"type":"string","description_kind":"plain","optional":true,"computed":true}},"block_types":{"filter":{"nesting_mode":"list","block":{"attributes":{"action":{"type":"string","description_kind":"plain","optional":true,"computed":true},"archive":{"type":"string","description_kind":"plain","optional":true,"computed":true},"company_identifier":{"type":"string","description_kind":"plain","optional":true,"computed":true},"expiry":{"type":"string","description_kind":"plain","optional":true,"computed":true},"file_size":{"type":"number","description_kind":"plain","optional":true,"computed":true},"file_type":{"type":"number","description_kind":"plain","optional":true,"computed":true},"filter_by":{"type":"string","description_kind":"plain","optional":true,"computed":true},"id":{"type":"number","description_kind":"plain","optional":true,"computed":true},"match_percentage":{"type":"number","description_kind":"plain","optional":true,"computed":true},"name":{"type":"string","description_kind":"plain","optional":true,"computed":true},"proto":{"type":"string","description_kind":"plain","optional":true,"computed":true},"regexp":{"type":"string","description_kind":"plain","optional":true,"computed":true},"severity":{"type":"string","description_kind":"plain","optional":true,"computed":true},"type":{"type":"string","description_kind":"plain","optional":true,"computed":true}},"block_types":{"fp_sensitivity":{"nesting_mode":"list","block":{"attributes":{"name":{"type":"string","description_kind":"plain","optional":true,"computed":true}},"description_kind":"plain"}}},"description_kind":"plain"}}},"description_kind":"plain"}},"fortios_dlp_settings":{"version":0,"block":{"attributes":{"cache_mem_percent":{"type":"number","description_kind":"plain","optional":true,"computed":true},"chunk_size":{"type":"number","description_kind":"plain","optional":true,"computed":true},"db_mode":{"type":"string","description_kind":"plain","optional":true,"computed":true},"id":{"type":"string","description_kind":"plain","optional":true,"computed":true},"size":{"type":"number","description_kind":"plain","optional":true,"computed":true},"storage_device":{"type":"string","description_kind":"plain","optional":true,"computed":true}},"description_kind":"plain"}},"fortios_dnsfilter_domainfilter":{"version":0,"block":{"attributes":{"comment":{"type":"string","description_kind":"plain","optional":true},"fosid":{"type":"number","description_kind":"plain","required":true},"id":{"type":"string","description_kind":"plain","optional":true,"computed":true},"name":{"type":"string","description_kind":"plain","required":true}},"block_types":{"entries":{"nesting_mode":"list","block":{"attributes":{"action":{"type":"string","description_kind":"plain","optional":true,"computed":true},"domain":{"type":"string","description_kind":"plain","optional":true,"computed":true},"id":{"type":"number","description_kind":"plain","optional":true,"computed":true},"status":{"type":"string","description_kind":"plain","optional":true,"computed":true},"type":{"type":"string","description_kind":"plain","optional":true,"computed":true}},"description_kind":"plain"}}},"description_kind":"plain"}},"fortios_dnsfilter_profile":{"version":0,"block":{"attributes":{"block_action":{"type":"string","description_kind":"plain","optional":true,"computed":true},"block_botnet":{"type":"string","description_kind":"plain","optional":true,"computed":true},"comment":{"type":"string","description_kind":"plain","optional":true},"id":{"type":"string","description_kind":"plain","optional":true,"computed":true},"log_all_domain":{"type":"string","description_kind":"plain","optional":true,"computed":true},"name":{"type":"string","description_kind":"plain","required":true},"redirect_portal":{"type":"string","description_kind":"plain","optional":true,"computed":true},"safe_search":{"type":"string","description_kind":"plain","optional":true,"computed":true},"sdns_domain_log":{"type":"string","description_kind":"plain","optional":true,"computed":true},"sdns_ftgd_err_log":{"type":"string","description_kind":"plain","optional":true,"computed":true},"youtube_restrict":{"type":"string","description_kind":"plain","optional":true,"computed":true}},"block_types":{"domain_filter":{"nesting_mode":"list","block":{"attributes":{"domain_filter_table":{"type":"number","description_kind":"plain","optional":true,"computed":true}},"description_kind":"plain"},"max_items":1},"external_ip_blocklist":{"nesting_mode":"list","block":{"attributes":{"name":{"type":"string","description_kind":"plain","optional":true,"computed":true}},"description_kind":"plain"}},"ftgd_dns":{"nesting_mode":"list","block":{"attributes":{"options":{"type":"string","description_kind":"plain","optional":true,"computed":true}},"block_types":{"filters":{"nesting_mode":"list","block":{"attributes":{"action":{"type":"string","description_kind":"plain","optional":true,"computed":true},"category":{"type":"number","description_kind":"plain","optional":true,"computed":true},"id":{"type":"number","description_kind":"plain","optional":true,"computed":true},"log":{"type":"string","description_kind":"plain","optional":true,"computed":true}},"description_kind":"plain"}}},"description_kind":"plain"},"max_items":1}},"description_kind":"plain"}},"fortios_endpointcontrol_client":{"version":0,"block":{"attributes":{"ad_groups":{"type":"string","description_kind":"plain","optional":true},"fosid":{"type":"number","description_kind":"plain","optional":true,"computed":true},"ftcl_uid":{"type":"string","description_kind":"plain","optional":true,"computed":true},"id":{"type":"string","description_kind":"plain","optional":true,"computed":true},"info":{"type":"string","description_kind":"plain","optional":true,"computed":true},"src_ip":{"type":"string","description_kind":"plain","optional":true,"computed":true},"src_mac":{"type":"string","description_kind":"plain","optional":true,"computed":true}},"description_kind":"plain"}},"fortios_endpointcontrol_forticlientems":{"version":0,"block":{"attributes":{"address":{"type":"string","description_kind":"plain","required":true},"admin_password":{"type":"string","description_kind":"plain","optional":true},"admin_type":{"type":"string","description_kind":"plain","optional":true,"computed":true},"admin_username":{"type":"string","description_kind":"plain","required":true},"https_port":{"type":"number","description_kind":"plain","optional":true,"computed":true},"id":{"type":"string","description_kind":"plain","optional":true,"computed":true},"listen_port":{"type":"number","description_kind":"plain","optional":true,"computed":true},"name":{"type":"string","description_kind":"plain","optional":true,"computed":true},"rest_api_auth":{"type":"string","description_kind":"plain","optional":true,"computed":true},"serial_number":{"type":"string","description_kind":"plain","required":true},"upload_port":{"type":"number","description_kind":"plain","optional":true,"computed":true}},"description_kind":"plain"}},"fortios_endpointcontrol_forticlientregistrationsync":{"version":0,"block":{"attributes":{"id":{"type":"string","description_kind":"plain","optional":true,"computed":true},"peer_ip":{"type":"string","description_kind":"plain","required":true},"peer_name":{"type":"string","description_kind":"plain","optional":true,"computed":true}},"description_kind":"plain"}},"fortios_endpointcontrol_profile":{"version":0,"block":{"attributes":{"description":{"type":"string","description_kind":"plain","optional":true},"id":{"type":"string","description_kind":"plain","optional":true,"computed":true},"profile_name":{"type":"string","description_kind":"plain","optional":true,"computed":true},"replacemsg_override_group":{"type":"string","description_kind":"plain","optional":true,"computed":true}},"block_types":{"device_groups":{"nesting_mode":"list","block":{"attributes":{"name":{"type":"string","description_kind":"plain","optional":true,"computed":true}},"description_kind":"plain"}},"forticlient_android_settings":{"nesting_mode":"list","block":{"attributes":{"disable_wf_when_protected":{"type":"string","description_kind":"plain","optional":true,"computed":true},"forticlient_advanced_vpn":{"type":"string","description_kind":"plain","optional":true,"computed":true},"forticlient_advanced_vpn_buffer":{"type":"string","description_kind":"plain","optional":true},"forticlient_vpn_provisioning":{"type":"string","description_kind":"plain","optional":true,"computed":true},"forticlient_wf":{"type":"string","description_kind":"plain","optional":true,"computed":true},"forticlient_wf_profile":{"type":"string","description_kind":"plain","optional":true,"computed":true}},"block_types":{"forticlient_vpn_settings":{"nesting_mode":"list","block":{"attributes":{"auth_method":{"type":"string","description_kind":"plain","optional":true,"computed":true},"name":{"type":"string","description_kind":"plain","optional":true,"computed":true},"preshared_key":{"type":"string","description_kind":"plain","optional":true},"remote_gw":{"type":"string","description_kind":"plain","optional":true,"computed":true},"sslvpn_access_port":{"type":"number","description_kind":"plain","optional":true,"computed":true},"sslvpn_require_certificate":{"type":"string","description_kind":"plain","optional":true,"computed":true},"type":{"type":"string","description_kind":"plain","optional":true,"computed":true}},"description_kind":"plain"}}},"description_kind":"plain"},"max_items":1},"forticlient_ios_settings":{"nesting_mode":"list","block":{"attributes":{"client_vpn_provisioning":{"type":"string","description_kind":"plain","optional":true,"computed":true},"configuration_content":{"type":"string","description_kind":"plain","optional":true},"configuration_name":{"type":"string","description_kind":"plain","optional":true,"computed":true},"disable_wf_when_protected":{"type":"string","description_kind":"plain","optional":true,"computed":true},"distribute_configuration_profile":{"type":"string","description_kind":"plain","optional":true,"computed":true},"forticlient_wf":{"type":"string","description_kind":"plain","optional":true,"computed":true},"forticlient_wf_profile":{"type":"string","description_kind":"plain","optional":true,"computed":true}},"block_types":{"client_vpn_settings":{"nesting_mode":"list","block":{"attributes":{"auth_method":{"type":"string","description_kind":"plain","optional":true,"computed":true},"name":{"type":"string","description_kind":"plain","optional":true,"computed":true},"preshared_key":{"type":"string","description_kind":"plain","optional":true},"remote_gw":{"type":"string","description_kind":"plain","optional":true,"computed":true},"sslvpn_access_port":{"type":"number","description_kind":"plain","optional":true,"computed":true},"sslvpn_require_certificate":{"type":"string","description_kind":"plain","optional":true,"computed":true},"type":{"type":"string","description_kind":"plain","optional":true,"computed":true},"vpn_configuration_content":{"type":"string","description_kind":"plain","optional":true},"vpn_configuration_name":{"type":"string","description_kind":"plain","optional":true,"computed":true}},"description_kind":"plain"}}},"description_kind":"plain"},"max_items":1},"forticlient_winmac_settings":{"nesting_mode":"list","block":{"attributes":{"av_realtime_protection":{"type":"string","description_kind":"plain","optional":true,"computed":true},"av_signature_up_to_date":{"type":"string","description_kind":"plain","optional":true,"computed":true},"forticlient_application_firewall":{"type":"string","description_kind":"plain","optional":true,"computed":true},"forticlient_application_firewall_list":{"type":"string","description_kind":"plain","optional":true,"computed":true},"forticlient_av":{"type":"string","description_kind":"plain","optional":true,"computed":true},"forticlient_ems_compliance":{"type":"string","description_kind":"plain","optional":true,"computed":true},"forticlient_ems_compliance_action":{"type":"string","description_kind":"plain","optional":true,"computed":true},"forticlient_linux_ver":{"type":"string","description_kind":"plain","optional":true,"computed":true},"forticlient_log_upload":{"type":"string","description_kind":"plain","optional":true,"computed":true},"forticlient_log_upload_level":{"type":"string","description_kind":"plain","optional":true,"computed":true},"forticlient_log_upload_server":{"type":"string","description_kind":"plain","optional":true,"computed":true},"forticlient_mac_ver":{"type":"string","description_kind":"plain","optional":true,"computed":true},"forticlient_minimum_software_version":{"type":"string","description_kind":"plain","optional":true,"computed":true},"forticlient_registration_compliance_action":{"type":"string","description_kind":"plain","optional":true,"computed":true},"forticlient_security_posture":{"type":"string","description_kind":"plain","optional":true,"computed":true},"forticlient_security_posture_compliance_action":{"type":"string","description_kind":"plain","optional":true,"computed":true},"forticlient_system_compliance":{"type":"string","description_kind":"plain","optional":true,"computed":true},"forticlient_system_compliance_action":{"type":"string","description_kind":"plain","optional":true,"computed":true},"forticlient_vuln_scan":{"type":"string","description_kind":"plain","optional":true,"computed":true},"forticlient_vuln_scan_compliance_action":{"type":"string","description_kind":"plain","optional":true,"computed":true},"forticlient_vuln_scan_enforce":{"type":"string","description_kind":"plain","optional":true,"computed":true},"forticlient_vuln_scan_enforce_grace":{"type":"number","description_kind":"plain","optional":true,"computed":true},"forticlient_vuln_scan_exempt":{"type":"string","description_kind":"plain","optional":true,"computed":true},"forticlient_wf":{"type":"string","description_kind":"plain","optional":true,"computed":true},"forticlient_wf_profile":{"type":"string","description_kind":"plain","optional":true,"computed":true},"forticlient_win_ver":{"type":"string","description_kind":"plain","optional":true,"computed":true},"os_av_software_installed":{"type":"string","description_kind":"plain","optional":true,"computed":true},"sandbox_address":{"type":"string","description_kind":"plain","optional":true,"computed":true},"sandbox_analysis":{"type":"string","description_kind":"plain","optional":true,"computed":true}},"block_types":{"forticlient_ems_entries":{"nesting_mode":"list","block":{"attributes":{"name":{"type":"string","description_kind":"plain","optional":true,"computed":true}},"description_kind":"plain"}},"forticlient_operating_system":{"nesting_mode":"list","block":{"attributes":{"id":{"type":"number","description_kind":"plain","optional":true,"computed":true},"os_name":{"type":"string","description_kind":"plain","optional":true,"computed":true},"os_type":{"type":"string","description_kind":"plain","optional":true,"computed":true}},"description_kind":"plain"}},"forticlient_own_file":{"nesting_mode":"list","block":{"attributes":{"file":{"type":"string","description_kind":"plain","optional":true,"computed":true},"id":{"type":"number","description_kind":"plain","optional":true,"computed":true}},"description_kind":"plain"}},"forticlient_registry_entry":{"nesting_mode":"list","block":{"attributes":{"id":{"type":"number","description_kind":"plain","optional":true,"computed":true},"registry_entry":{"type":"string","description_kind":"plain","optional":true,"computed":true}},"description_kind":"plain"}},"forticlient_running_app":{"nesting_mode":"list","block":{"attributes":{"app_name":{"type":"string","description_kind":"plain","optional":true,"computed":true},"app_sha256_signature":{"type":"string","description_kind":"plain","optional":true,"computed":true},"app_sha256_signature2":{"type":"string","description_kind":"plain","optional":true,"computed":true},"app_sha256_signature3":{"type":"string","description_kind":"plain","optional":true,"computed":true},"app_sha256_signature4":{"type":"string","description_kind":"plain","optional":true,"computed":true},"application_check_rule":{"type":"string","description_kind":"plain","optional":true,"computed":true},"id":{"type":"number","description_kind":"plain","optional":true,"computed":true},"process_name":{"type":"string","description_kind":"plain","optional":true,"computed":true},"process_name2":{"type":"string","description_kind":"plain","optional":true,"computed":true},"process_name3":{"type":"string","description_kind":"plain","optional":true,"computed":true},"process_name4":{"type":"string","description_kind":"plain","optional":true,"computed":true}},"description_kind":"plain"}}},"description_kind":"plain"},"max_items":1},"on_net_addr":{"nesting_mode":"list","block":{"attributes":{"name":{"type":"string","description_kind":"plain","optional":true,"computed":true}},"description_kind":"plain"}},"src_addr":{"nesting_mode":"list","block":{"attributes":{"name":{"type":"string","description_kind":"plain","optional":true,"computed":true}},"description_kind":"plain"}},"user_groups":{"nesting_mode":"list","block":{"attributes":{"name":{"type":"string","description_kind":"plain","optional":true,"computed":true}},"description_kind":"plain"}},"users":{"nesting_mode":"list","block":{"attributes":{"name":{"type":"string","description_kind":"plain","optional":true,"computed":true}},"description_kind":"plain"}}},"description_kind":"plain"}},"fortios_endpointcontrol_registeredforticlient":{"version":0,"block":{"attributes":{"flag":{"type":"number","description_kind":"plain","optional":true,"computed":true},"id":{"type":"string","description_kind":"plain","optional":true,"computed":true},"ip":{"type":"string","description_kind":"plain","optional":true,"computed":true},"mac":{"type":"string","description_kind":"plain","optional":true,"computed":true},"reg_fortigate":{"type":"string","description_kind":"plain","optional":true,"computed":true},"status":{"type":"number","description_kind":"plain","optional":true,"computed":true},"uid":{"type":"string","description_kind":"plain","optional":true,"computed":true},"vdom":{"type":"string","description_kind":"plain","optional":true,"computed":true}},"description_kind":"plain"}},"fortios_endpointcontrol_settings":{"version":0,"block":{"attributes":{"download_custom_link":{"type":"string","description_kind":"plain","optional":true,"computed":true},"download_location":{"type":"string","description_kind":"plain","optional":true,"computed":true},"forticlient_avdb_update_interval":{"type":"number","description_kind":"plain","optional":true,"computed":true},"forticlient_dereg_unsupported_client":{"type":"string","description_kind":"plain","optional":true,"computed":true},"forticlient_ems_rest_api_call_timeout":{"type":"number","description_kind":"plain","optional":true,"computed":true},"forticlient_keepalive_interval":{"type":"number","description_kind":"plain","optional":true,"computed":true},"forticlient_offline_grace":{"type":"string","description_kind":"plain","optional":true,"computed":true},"forticlient_offline_grace_interval":{"type":"number","description_kind":"plain","optional":true,"computed":true},"forticlient_reg_key":{"type":"string","description_kind":"plain","optional":true},"forticlient_reg_key_enforce":{"type":"string","description_kind":"plain","optional":true,"computed":true},"forticlient_reg_timeout":{"type":"number","description_kind":"plain","optional":true,"computed":true},"forticlient_sys_update_interval":{"type":"number","description_kind":"plain","optional":true,"computed":true},"forticlient_user_avatar":{"type":"string","description_kind":"plain","optional":true,"computed":true},"forticlient_warning_interval":{"type":"number","description_kind":"plain","optional":true,"computed":true},"id":{"type":"string","description_kind":"plain","optional":true,"computed":true}},"description_kind":"plain"}},"fortios_extendercontroller_extender":{"version":0,"block":{"attributes":{"aaa_shared_secret":{"type":"string","description_kind":"plain","optional":true},"access_point_name":{"type":"string","description_kind":"plain","optional":true,"computed":true},"admin":{"type":"string","description_kind":"plain","required":true},"at_dial_script":{"type":"string","description_kind":"plain","optional":true,"computed":true},"billing_start_day":{"type":"number","description_kind":"plain","optional":true,"computed":true},"cdma_aaa_spi":{"type":"string","description_kind":"plain","optional":true,"computed":true},"cdma_ha_spi":{"type":"string","description_kind":"plain","optional":true,"computed":true},"cdma_nai":{"type":"string","description_kind":"plain","optional":true,"computed":true},"conn_status":{"type":"number","description_kind":"plain","optional":true,"computed":true},"description":{"type":"string","description_kind":"plain","optional":true,"computed":true},"dial_mode":{"type":"string","description_kind":"plain","optional":true,"computed":true},"dial_status":{"type":"number","description_kind":"plain","optional":true,"computed":true},"ext_name":{"type":"string","description_kind":"plain","optional":true,"computed":true},"fosid":{"type":"string","description_kind":"plain","required":true},"ha_shared_secret":{"type":"string","description_kind":"plain","optional":true},"id":{"type":"string","description_kind":"plain","optional":true,"computed":true},"ifname":{"type":"string","description_kind":"plain","optional":true,"computed":true},"initiated_update":{"type":"string","description_kind":"plain","optional":true,"computed":true},"mode":{"type":"string","description_kind":"plain","optional":true,"computed":true},"modem_passwd":{"type":"string","description_kind":"plain","optional":true},"modem_type":{"type":"string","description_kind":"plain","optional":true,"computed":true},"multi_mode":{"type":"string","description_kind":"plain","optional":true,"computed":true},"ppp_auth_protocol":{"type":"string","description_kind":"plain","optional":true,"computed":true},"ppp_echo_request":{"type":"string","description_kind":"plain","optional":true,"computed":true},"ppp_password":{"type":"string","description_kind":"plain","optional":true},"ppp_username":{"type":"string","description_kind":"plain","optional":true,"computed":true},"primary_ha":{"type":"string","description_kind":"plain","optional":true,"computed":true},"quota_limit_mb":{"type":"number","description_kind":"plain","optional":true,"computed":true},"redial":{"type":"string","description_kind":"plain","optional":true,"computed":true},"redundant_intf":{"type":"string","description_kind":"plain","optional":true,"computed":true},"roaming":{"type":"string","description_kind":"plain","optional":true,"computed":true},"role":{"type":"string","description_kind":"plain","required":true},"secondary_ha":{"type":"string","description_kind":"plain","optional":true,"computed":true},"sim_pin":{"type":"string","description_kind":"plain","optional":true},"vdom":{"type":"number","description_kind":"plain","optional":true,"computed":true},"wimax_auth_protocol":{"type":"string","description_kind":"plain","optional":true,"computed":true},"wimax_carrier":{"type":"string","description_kind":"plain","optional":true,"computed":true},"wimax_realm":{"type":"string","description_kind":"plain","optional":true,"computed":true}},"description_kind":"plain"}},"fortios_firewall_DoSpolicy":{"version":0,"block":{"attributes":{"comments":{"type":"string","description_kind":"plain","optional":true},"id":{"type":"string","description_kind":"plain","optional":true,"computed":true},"interface":{"type":"string","description_kind":"plain","required":true},"policyid":{"type":"number","description_kind":"plain","optional":true,"computed":true},"status":{"type":"string","description_kind":"plain","optional":true,"computed":true}},"block_types":{"anomaly":{"nesting_mode":"list","block":{"attributes":{"action":{"type":"string","description_kind":"plain","optional":true,"computed":true},"log":{"type":"string","description_kind":"plain","optional":true,"computed":true},"name":{"type":"string","description_kind":"plain","optional":true,"computed":true},"quarantine":{"type":"string","description_kind":"plain","optional":true,"computed":true},"quarantine_expiry":{"type":"string","description_kind":"plain","optional":true,"computed":true},"quarantine_log":{"type":"string","description_kind":"plain","optional":true,"computed":true},"status":{"type":"string","description_kind":"plain","optional":true,"computed":true},"threshold":{"type":"number","description_kind":"plain","optional":true,"computed":true},"thresholddefault":{"type":"number","description_kind":"plain","optional":true,"computed":true}},"description_kind":"plain"}},"dstaddr":{"nesting_mode":"list","block":{"attributes":{"name":{"type":"string","description_kind":"plain","optional":true,"computed":true}},"description_kind":"plain"},"min_items":1},"service":{"nesting_mode":"list","block":{"attributes":{"name":{"type":"string","description_kind":"plain","optional":true,"computed":true}},"description_kind":"plain"}},"srcaddr":{"nesting_mode":"list","block":{"attributes":{"name":{"type":"string","description_kind":"plain","optional":true,"computed":true}},"description_kind":"plain"},"min_items":1}},"description_kind":"plain"}},"fortios_firewall_DoSpolicy6":{"version":0,"block":{"attributes":{"comments":{"type":"string","description_kind":"plain","optional":true},"id":{"type":"string","description_kind":"plain","optional":true,"computed":true},"interface":{"type":"string","description_kind":"plain","required":true},"policyid":{"type":"number","description_kind":"plain","optional":true,"computed":true},"status":{"type":"string","description_kind":"plain","optional":true,"computed":true}},"block_types":{"anomaly":{"nesting_mode":"list","block":{"attributes":{"action":{"type":"string","description_kind":"plain","optional":true,"computed":true},"log":{"type":"string","description_kind":"plain","optional":true,"computed":true},"name":{"type":"string","description_kind":"plain","optional":true,"computed":true},"quarantine":{"type":"string","description_kind":"plain","optional":true,"computed":true},"quarantine_expiry":{"type":"string","description_kind":"plain","optional":true,"computed":true},"quarantine_log":{"type":"string","description_kind":"plain","optional":true,"computed":true},"status":{"type":"string","description_kind":"plain","optional":true,"computed":true},"threshold":{"type":"number","description_kind":"plain","optional":true,"computed":true},"thresholddefault":{"type":"number","description_kind":"plain","optional":true,"computed":true}},"description_kind":"plain"}},"dstaddr":{"nesting_mode":"list","block":{"attributes":{"name":{"type":"string","description_kind":"plain","optional":true,"computed":true}},"description_kind":"plain"},"min_items":1},"service":{"nesting_mode":"list","block":{"attributes":{"name":{"type":"string","description_kind":"plain","optional":true,"computed":true}},"description_kind":"plain"}},"srcaddr":{"nesting_mode":"list","block":{"attributes":{"name":{"type":"string","description_kind":"plain","optional":true,"computed":true}},"description_kind":"plain"},"min_items":1}},"description_kind":"plain"}},"fortios_firewall_address":{"version":0,"block":{"attributes":{"allow_routing":{"type":"string","description_kind":"plain","optional":true,"computed":true},"associated_interface":{"type":"string","description_kind":"plain","optional":true,"computed":true},"cache_ttl":{"type":"number","description_kind":"plain","optional":true,"computed":true},"color":{"type":"number","description_kind":"plain","optional":true,"computed":true},"comment":{"type":"string","description_kind":"plain","optional":true},"country":{"type":"string","description_kind":"plain","optional":true,"computed":true},"end_ip":{"type":"string","description_kind":"plain","optional":true,"computed":true},"epg_name":{"type":"string","description_kind":"plain","optional":true,"computed":true},"filter":{"type":"string","description_kind":"plain","optional":true},"fqdn":{"type":"string","description_kind":"plain","optional":true,"computed":true},"id":{"type":"string","description_kind":"plain","optional":true,"computed":true},"name":{"type":"string","description_kind":"plain","optional":true,"computed":true},"obj_id":{"type":"string","description_kind":"plain","optional":true},"organization":{"type":"string","description_kind":"plain","optional":true,"computed":true},"policy_group":{"type":"string","description_kind":"plain","optional":true,"computed":true},"sdn":{"type":"string","description_kind":"plain","optional":true,"computed":true},"sdn_tag":{"type":"string","description_kind":"plain","optional":true,"computed":true},"start_ip":{"type":"string","description_kind":"plain","optional":true,"computed":true},"subnet":{"type":"string","description_kind":"plain","optional":true,"computed":true},"subnet_name":{"type":"string","description_kind":"plain","optional":true,"computed":true},"tenant":{"type":"string","description_kind":"plain","optional":true,"computed":true},"type":{"type":"string","description_kind":"plain","optional":true,"computed":true},"uuid":{"type":"string","description_kind":"plain","optional":true,"computed":true},"visibility":{"type":"string","description_kind":"plain","optional":true,"computed":true},"wildcard":{"type":"string","description_kind":"plain","optional":true,"computed":true},"wildcard_fqdn":{"type":"string","description_kind":"plain","optional":true,"computed":true}},"block_types":{"list":{"nesting_mode":"list","block":{"attributes":{"ip":{"type":"string","description_kind":"plain","optional":true,"computed":true}},"description_kind":"plain"}},"tagging":{"nesting_mode":"list","block":{"attributes":{"category":{"type":"string","description_kind":"plain","optional":true,"computed":true},"name":{"type":"string","description_kind":"plain","optional":true,"computed":true}},"block_types":{"tags":{"nesting_mode":"list","block":{"attributes":{"name":{"type":"string","description_kind":"plain","optional":true,"computed":true}},"description_kind":"plain"}}},"description_kind":"plain"}}},"description_kind":"plain"}},"fortios_firewall_address6":{"version":0,"block":{"attributes":{"cache_ttl":{"type":"number","description_kind":"plain","optional":true,"computed":true},"color":{"type":"number","description_kind":"plain","optional":true,"computed":true},"comment":{"type":"string","description_kind":"plain","optional":true},"end_ip":{"type":"string","description_kind":"plain","optional":true,"computed":true},"fqdn":{"type":"string","description_kind":"plain","optional":true,"computed":true},"host":{"type":"string","description_kind":"plain","optional":true,"computed":true},"host_type":{"type":"string","description_kind":"plain","optional":true,"computed":true},"id":{"type":"string","description_kind":"plain","optional":true,"computed":true},"ip6":{"type":"string","description_kind":"plain","optional":true,"computed":true},"name":{"type":"string","description_kind":"plain","optional":true,"computed":true},"obj_id":{"type":"string","description_kind":"plain","optional":true},"sdn":{"type":"string","description_kind":"plain","optional":true,"computed":true},"start_ip":{"type":"string","description_kind":"plain","optional":true,"computed":true},"template":{"type":"string","description_kind":"plain","optional":true,"computed":true},"type":{"type":"string","description_kind":"plain","optional":true,"computed":true},"uuid":{"type":"string","description_kind":"plain","optional":true,"computed":true},"visibility":{"type":"string","description_kind":"plain","optional":true,"computed":true}},"block_types":{"list":{"nesting_mode":"list","block":{"attributes":{"ip":{"type":"string","description_kind":"plain","optional":true,"computed":true}},"description_kind":"plain"}},"subnet_segment":{"nesting_mode":"list","block":{"attributes":{"name":{"type":"string","description_kind":"plain","optional":true,"computed":true},"type":{"type":"string","description_kind":"plain","optional":true,"computed":true},"value":{"type":"string","description_kind":"plain","optional":true,"computed":true}},"description_kind":"plain"}},"tagging":{"nesting_mode":"list","block":{"attributes":{"category":{"type":"string","description_kind":"plain","optional":true,"computed":true},"name":{"type":"string","description_kind":"plain","optional":true,"computed":true}},"block_types":{"tags":{"nesting_mode":"list","block":{"attributes":{"name":{"type":"string","description_kind":"plain","optional":true,"computed":true}},"description_kind":"plain"}}},"description_kind":"plain"}}},"description_kind":"plain"}},"fortios_firewall_address6template":{"version":0,"block":{"attributes":{"id":{"type":"string","description_kind":"plain","optional":true,"computed":true},"ip6":{"type":"string","description_kind":"plain","required":true},"name":{"type":"string","description_kind":"plain","required":true},"subnet_segment_count":{"type":"number","description_kind":"plain","required":true}},"block_types":{"subnet_segment":{"nesting_mode":"list","block":{"attributes":{"bits":{"type":"number","description_kind":"plain","optional":true,"computed":true},"exclusive":{"type":"string","description_kind":"plain","optional":true,"computed":true},"id":{"type":"number","description_kind":"plain","optional":true,"computed":true},"name":{"type":"string","description_kind":"plain","optional":true,"computed":true}},"block_types":{"values":{"nesting_mode":"list","block":{"attributes":{"name":{"type":"string","description_kind":"plain","optional":true,"computed":true},"value":{"type":"string","description_kind":"plain","optional":true,"computed":true}},"description_kind":"plain"}}},"description_kind":"plain"}}},"description_kind":"plain"}},"fortios_firewall_addrgrp":{"version":0,"block":{"attributes":{"allow_routing":{"type":"string","description_kind":"plain","optional":true,"computed":true},"color":{"type":"number","description_kind":"plain","optional":true,"computed":true},"comment":{"type":"string","description_kind":"plain","optional":true},"exclude":{"type":"string","description_kind":"plain","optional":true,"computed":true},"id":{"type":"string","description_kind":"plain","optional":true,"computed":true},"name":{"type":"string","description_kind":"plain","required":true},"uuid":{"type":"string","description_kind":"plain","optional":true,"computed":true},"visibility":{"type":"string","description_kind":"plain","optional":true,"computed":true}},"block_types":{"exclude_member":{"nesting_mode":"list","block":{"attributes":{"name":{"type":"string","description_kind":"plain","optional":true,"computed":true}},"description_kind":"plain"}},"member":{"nesting_mode":"list","block":{"attributes":{"name":{"type":"string","description_kind":"plain","optional":true,"computed":true}},"description_kind":"plain"},"min_items":1},"tagging":{"nesting_mode":"list","block":{"attributes":{"category":{"type":"string","description_kind":"plain","optional":true,"computed":true},"name":{"type":"string","description_kind":"plain","optional":true,"computed":true}},"block_types":{"tags":{"nesting_mode":"list","block":{"attributes":{"name":{"type":"string","description_kind":"plain","optional":true,"computed":true}},"description_kind":"plain"}}},"description_kind":"plain"}}},"description_kind":"plain"}},"fortios_firewall_addrgrp6":{"version":0,"block":{"attributes":{"color":{"type":"number","description_kind":"plain","optional":true,"computed":true},"comment":{"type":"string","description_kind":"plain","optional":true},"id":{"type":"string","description_kind":"plain","optional":true,"computed":true},"name":{"type":"string","description_kind":"plain","optional":true,"computed":true},"uuid":{"type":"string","description_kind":"plain","optional":true,"computed":true},"visibility":{"type":"string","description_kind":"plain","optional":true,"computed":true}},"block_types":{"member":{"nesting_mode":"list","block":{"attributes":{"name":{"type":"string","description_kind":"plain","optional":true,"computed":true}},"description_kind":"plain"},"min_items":1},"tagging":{"nesting_mode":"list","block":{"attributes":{"category":{"type":"string","description_kind":"plain","optional":true,"computed":true},"name":{"type":"string","description_kind":"plain","optional":true,"computed":true}},"block_types":{"tags":{"nesting_mode":"list","block":{"attributes":{"name":{"type":"string","description_kind":"plain","optional":true,"computed":true}},"description_kind":"plain"}}},"description_kind":"plain"}}},"description_kind":"plain"}},"fortios_firewall_authportal":{"version":0,"block":{"attributes":{"id":{"type":"string","description_kind":"plain","optional":true,"computed":true},"identity_based_route":{"type":"string","description_kind":"plain","optional":true,"computed":true},"portal_addr":{"type":"string","description_kind":"plain","optional":true,"computed":true},"portal_addr6":{"type":"string","description_kind":"plain","optional":true,"computed":true}},"block_types":{"groups":{"nesting_mode":"list","block":{"attributes":{"name":{"type":"string","description_kind":"plain","optional":true,"computed":true}},"description_kind":"plain"}}},"description_kind":"plain"}},"fortios_firewall_centralsnatmap":{"version":0,"block":{"attributes":{"comments":{"type":"string","description_kind":"plain","optional":true},"id":{"type":"string","description_kind":"plain","optional":true,"computed":true},"nat":{"type":"string","description_kind":"plain","required":true},"nat_port":{"type":"string","description_kind":"plain","optional":true,"computed":true},"orig_port":{"type":"string","description_kind":"plain","required":true},"policyid":{"type":"number","description_kind":"plain","optional":true,"computed":true},"protocol":{"type":"number","description_kind":"plain","required":true},"status":{"type":"string","description_kind":"plain","optional":true,"computed":true}},"block_types":{"dst_addr":{"nesting_mode":"list","block":{"attributes":{"name":{"type":"string","description_kind":"plain","optional":true,"computed":true}},"description_kind":"plain"},"min_items":1},"dstintf":{"nesting_mode":"list","block":{"attributes":{"name":{"type":"string","description_kind":"plain","optional":true,"computed":true}},"description_kind":"plain"},"min_items":1},"nat_ippool":{"nesting_mode":"list","block":{"attributes":{"name":{"type":"string","description_kind":"plain","optional":true,"computed":true}},"description_kind":"plain"}},"orig_addr":{"nesting_mode":"list","block":{"attributes":{"name":{"type":"string","description_kind":"plain","optional":true,"computed":true}},"description_kind":"plain"},"min_items":1},"srcintf":{"nesting_mode":"list","block":{"attributes":{"name":{"type":"string","description_kind":"plain","optional":true,"computed":true}},"description_kind":"plain"},"min_items":1}},"description_kind":"plain"}},"fortios_firewall_dnstranslation":{"version":0,"block":{"attributes":{"dst":{"type":"string","description_kind":"plain","optional":true,"computed":true},"fosid":{"type":"number","description_kind":"plain","optional":true,"computed":true},"id":{"type":"string","description_kind":"plain","optional":true,"computed":true},"netmask":{"type":"string","description_kind":"plain","optional":true,"computed":true},"src":{"type":"string","description_kind":"plain","optional":true,"computed":true}},"description_kind":"plain"}},"fortios_firewall_identitybasedroute":{"version":0,"block":{"attributes":{"comments":{"type":"string","description_kind":"plain","optional":true,"computed":true},"id":{"type":"string","description_kind":"plain","optional":true,"computed":true},"name":{"type":"string","description_kind":"plain","required":true}},"block_types":{"rule":{"nesting_mode":"list","block":{"attributes":{"device":{"type":"string","description_kind":"plain","optional":true,"computed":true},"gateway":{"type":"string","description_kind":"plain","optional":true,"computed":true},"id":{"type":"number","description_kind":"plain","optional":true,"computed":true}},"block_types":{"groups":{"nesting_mode":"list","block":{"attributes":{"name":{"type":"string","description_kind":"plain","optional":true,"computed":true}},"description_kind":"plain"}}},"description_kind":"plain"}}},"description_kind":"plain"}},"fortios_firewall_interfacepolicy":{"version":0,"block":{"attributes":{"address_type":{"type":"string","description_kind":"plain","optional":true,"computed":true},"application_list":{"type":"string","description_kind":"plain","optional":true,"computed":true},"application_list_status":{"type":"string","description_kind":"plain","optional":true,"computed":true},"av_profile":{"type":"string","description_kind":"plain","optional":true,"computed":true},"av_profile_status":{"type":"string","description_kind":"plain","optional":true,"computed":true},"comments":{"type":"string","description_kind":"plain","optional":true},"dlp_sensor":{"type":"string","description_kind":"plain","optional":true,"computed":true},"dlp_sensor_status":{"type":"string","description_kind":"plain","optional":true,"computed":true},"dsri":{"type":"string","description_kind":"plain","optional":true,"computed":true},"id":{"type":"string","description_kind":"plain","optional":true,"computed":true},"interface":{"type":"string","description_kind":"plain","required":true},"ips_sensor":{"type":"string","description_kind":"plain","optional":true,"computed":true},"ips_sensor_status":{"type":"string","description_kind":"plain","optional":true,"computed":true},"label":{"type":"string","description_kind":"plain","optional":true,"computed":true},"logtraffic":{"type":"string","description_kind":"plain","optional":true,"computed":true},"policyid":{"type":"number","description_kind":"plain","optional":true,"computed":true},"scan_botnet_connections":{"type":"string","description_kind":"plain","optional":true,"computed":true},"spamfilter_profile":{"type":"string","description_kind":"plain","optional":true,"computed":true},"spamfilter_profile_status":{"type":"string","description_kind":"plain","optional":true,"computed":true},"status":{"type":"string","description_kind":"plain","optional":true,"computed":true},"webfilter_profile":{"type":"string","description_kind":"plain","optional":true,"computed":true},"webfilter_profile_status":{"type":"string","description_kind":"plain","optional":true,"computed":true}},"block_types":{"dstaddr":{"nesting_mode":"list","block":{"attributes":{"name":{"type":"string","description_kind":"plain","optional":true,"computed":true}},"description_kind":"plain"},"min_items":1},"service":{"nesting_mode":"list","block":{"attributes":{"name":{"type":"string","description_kind":"plain","optional":true,"computed":true}},"description_kind":"plain"},"min_items":1},"srcaddr":{"nesting_mode":"list","block":{"attributes":{"name":{"type":"string","description_kind":"plain","optional":true,"computed":true}},"description_kind":"plain"},"min_items":1}},"description_kind":"plain"}},"fortios_firewall_interfacepolicy6":{"version":0,"block":{"attributes":{"address_type":{"type":"string","description_kind":"plain","optional":true,"computed":true},"application_list":{"type":"string","description_kind":"plain","optional":true,"computed":true},"application_list_status":{"type":"string","description_kind":"plain","optional":true,"computed":true},"av_profile":{"type":"string","description_kind":"plain","optional":true,"computed":true},"av_profile_status":{"type":"string","description_kind":"plain","optional":true,"computed":true},"comments":{"type":"string","description_kind":"plain","optional":true},"dlp_sensor":{"type":"string","description_kind":"plain","optional":true,"computed":true},"dlp_sensor_status":{"type":"string","description_kind":"plain","optional":true,"computed":true},"dsri":{"type":"string","description_kind":"plain","optional":true,"computed":true},"id":{"type":"string","description_kind":"plain","optional":true,"computed":true},"interface":{"type":"string","description_kind":"plain","required":true},"ips_sensor":{"type":"string","description_kind":"plain","optional":true,"computed":true},"ips_sensor_status":{"type":"string","description_kind":"plain","optional":true,"computed":true},"label":{"type":"string","description_kind":"plain","optional":true,"computed":true},"logtraffic":{"type":"string","description_kind":"plain","optional":true,"computed":true},"policyid":{"type":"number","description_kind":"plain","optional":true,"computed":true},"scan_botnet_connections":{"type":"string","description_kind":"plain","optional":true,"computed":true},"spamfilter_profile":{"type":"string","description_kind":"plain","optional":true,"computed":true},"spamfilter_profile_status":{"type":"string","description_kind":"plain","optional":true,"computed":true},"status":{"type":"string","description_kind":"plain","optional":true,"computed":true},"webfilter_profile":{"type":"string","description_kind":"plain","optional":true,"computed":true},"webfilter_profile_status":{"type":"string","description_kind":"plain","optional":true,"computed":true}},"block_types":{"dstaddr6":{"nesting_mode":"list","block":{"attributes":{"name":{"type":"string","description_kind":"plain","optional":true,"computed":true}},"description_kind":"plain"},"min_items":1},"service6":{"nesting_mode":"list","block":{"attributes":{"name":{"type":"string","description_kind":"plain","optional":true,"computed":true}},"description_kind":"plain"}},"srcaddr6":{"nesting_mode":"list","block":{"attributes":{"name":{"type":"string","description_kind":"plain","optional":true,"computed":true}},"description_kind":"plain"},"min_items":1}},"description_kind":"plain"}},"fortios_firewall_internetservice":{"version":0,"block":{"attributes":{"database":{"type":"string","description_kind":"plain","optional":true,"computed":true},"direction":{"type":"string","description_kind":"plain","optional":true,"computed":true},"fosid":{"type":"number","description_kind":"plain","optional":true,"computed":true},"icon_id":{"type":"number","description_kind":"plain","optional":true,"computed":true},"id":{"type":"string","description_kind":"plain","optional":true,"computed":true},"ip_number":{"type":"number","description_kind":"plain","optional":true,"computed":true},"ip_range_number":{"type":"number","description_kind":"plain","optional":true,"computed":true},"name":{"type":"string","description_kind":"plain","optional":true,"computed":true},"obsolete":{"type":"number","description_kind":"plain","optional":true,"computed":true},"reputation":{"type":"number","description_kind":"plain","optional":true,"computed":true},"singularity":{"type":"number","description_kind":"plain","optional":true,"computed":true},"sld_id":{"type":"number","description_kind":"plain","optional":true,"computed":true}},"description_kind":"plain"}},"fortios_firewall_internetservicecustom":{"version":0,"block":{"attributes":{"comment":{"type":"string","description_kind":"plain","optional":true},"id":{"type":"string","description_kind":"plain","optional":true,"computed":true},"name":{"type":"string","description_kind":"plain","optional":true,"computed":true},"reputation":{"type":"number","description_kind":"plain","optional":true,"computed":true}},"block_types":{"entry":{"nesting_mode":"list","block":{"attributes":{"id":{"type":"number","description_kind":"plain","optional":true,"computed":true},"protocol":{"type":"number","description_kind":"plain","optional":true,"computed":true}},"block_types":{"dst":{"nesting_mode":"list","block":{"attributes":{"name":{"type":"string","description_kind":"plain","optional":true,"computed":true}},"description_kind":"plain"}},"port_range":{"nesting_mode":"list","block":{"attributes":{"end_port":{"type":"number","description_kind":"plain","optional":true,"computed":true},"id":{"type":"number","description_kind":"plain","optional":true,"computed":true},"start_port":{"type":"number","description_kind":"plain","optional":true,"computed":true}},"description_kind":"plain"}}},"description_kind":"plain"}}},"description_kind":"plain"}},"fortios_firewall_internetservicecustomgroup":{"version":0,"block":{"attributes":{"comment":{"type":"string","description_kind":"plain","optional":true},"id":{"type":"string","description_kind":"plain","optional":true,"computed":true},"name":{"type":"string","description_kind":"plain","optional":true,"computed":true}},"block_types":{"member":{"nesting_mode":"list","block":{"attributes":{"name":{"type":"string","description_kind":"plain","optional":true,"computed":true}},"description_kind":"plain"}}},"description_kind":"plain"}},"fortios_firewall_internetservicedefinition":{"version":0,"block":{"attributes":{"fosid":{"type":"number","description_kind":"plain","optional":true,"computed":true},"id":{"type":"string","description_kind":"plain","optional":true,"computed":true}},"block_types":{"entry":{"nesting_mode":"list","block":{"attributes":{"category_id":{"type":"number","description_kind":"plain","optional":true,"computed":true},"name":{"type":"string","description_kind":"plain","optional":true,"computed":true},"port":{"type":"number","description_kind":"plain","optional":true,"computed":true},"protocol":{"type":"number","description_kind":"plain","optional":true,"computed":true},"seq_num":{"type":"number","description_kind":"plain","optional":true,"computed":true}},"description_kind":"plain"}}},"description_kind":"plain"}},"fortios_firewall_internetserviceextension":{"version":0,"block":{"attributes":{"comment":{"type":"string","description_kind":"plain","optional":true},"fosid":{"type":"number","description_kind":"plain","optional":true,"computed":true},"id":{"type":"string","description_kind":"plain","optional":true,"computed":true}},"block_types":{"disable_entry":{"nesting_mode":"list","block":{"attributes":{"id":{"type":"number","description_kind":"plain","optional":true,"computed":true},"port":{"type":"number","description_kind":"plain","optional":true,"computed":true},"protocol":{"type":"number","description_kind":"plain","optional":true,"computed":true}},"block_types":{"ip_range":{"nesting_mode":"list","block":{"attributes":{"end_ip":{"type":"string","description_kind":"plain","optional":true,"computed":true},"id":{"type":"number","description_kind":"plain","optional":true,"computed":true},"start_ip":{"type":"string","description_kind":"plain","optional":true,"computed":true}},"description_kind":"plain"}}},"description_kind":"plain"}},"entry":{"nesting_mode":"list","block":{"attributes":{"id":{"type":"number","description_kind":"plain","optional":true,"computed":true},"protocol":{"type":"number","description_kind":"plain","optional":true,"computed":true}},"block_types":{"dst":{"nesting_mode":"list","block":{"attributes":{"name":{"type":"string","description_kind":"plain","optional":true,"computed":true}},"description_kind":"plain"}},"port_range":{"nesting_mode":"list","block":{"attributes":{"end_port":{"type":"number","description_kind":"plain","optional":true,"computed":true},"id":{"type":"number","description_kind":"plain","optional":true,"computed":true},"start_port":{"type":"number","description_kind":"plain","optional":true,"computed":true}},"description_kind":"plain"}}},"description_kind":"plain"}}},"description_kind":"plain"}},"fortios_firewall_internetservicegroup":{"version":0,"block":{"attributes":{"comment":{"type":"string","description_kind":"plain","optional":true},"direction":{"type":"string","description_kind":"plain","optional":true,"computed":true},"id":{"type":"string","description_kind":"plain","optional":true,"computed":true},"name":{"type":"string","description_kind":"plain","optional":true,"computed":true}},"block_types":{"member":{"nesting_mode":"list","block":{"attributes":{"id":{"type":"number","description_kind":"plain","optional":true,"computed":true}},"description_kind":"plain"}}},"description_kind":"plain"}},"fortios_firewall_ippool":{"version":0,"block":{"attributes":{"arp_intf":{"type":"string","description_kind":"plain","optional":true,"computed":true},"arp_reply":{"type":"string","description_kind":"plain","optional":true,"computed":true},"associated_interface":{"type":"string","description_kind":"plain","optional":true,"computed":true},"block_size":{"type":"number","description_kind":"plain","optional":true,"computed":true},"comments":{"type":"string","description_kind":"plain","optional":true},"endip":{"type":"string","description_kind":"plain","required":true},"id":{"type":"string","description_kind":"plain","optional":true,"computed":true},"name":{"type":"string","description_kind":"plain","optional":true,"computed":true},"num_blocks_per_user":{"type":"number","description_kind":"plain","optional":true,"computed":true},"pba_timeout":{"type":"number","description_kind":"plain","optional":true,"computed":true},"permit_any_host":{"type":"string","description_kind":"plain","optional":true,"computed":true},"source_endip":{"type":"string","description_kind":"plain","optional":true,"computed":true},"source_startip":{"type":"string","description_kind":"plain","optional":true,"computed":true},"startip":{"type":"string","description_kind":"plain","required":true},"type":{"type":"string","description_kind":"plain","optional":true,"computed":true}},"description_kind":"plain"}},"fortios_firewall_ippool6":{"version":0,"block":{"attributes":{"comments":{"type":"string","description_kind":"plain","optional":true},"endip":{"type":"string","description_kind":"plain","required":true},"id":{"type":"string","description_kind":"plain","optional":true,"computed":true},"name":{"type":"string","description_kind":"plain","optional":true,"computed":true},"startip":{"type":"string","description_kind":"plain","required":true}},"description_kind":"plain"}},"fortios_firewall_iptranslation":{"version":0,"block":{"attributes":{"endip":{"type":"string","description_kind":"plain","required":true},"id":{"type":"string","description_kind":"plain","optional":true,"computed":true},"map_startip":{"type":"string","description_kind":"plain","required":true},"startip":{"type":"string","description_kind":"plain","required":true},"transid":{"type":"number","description_kind":"plain","optional":true,"computed":true},"type":{"type":"string","description_kind":"plain","optional":true,"computed":true}},"description_kind":"plain"}},"fortios_firewall_ipv6ehfilter":{"version":0,"block":{"attributes":{"auth":{"type":"string","description_kind":"plain","optional":true,"computed":true},"dest_opt":{"type":"string","description_kind":"plain","optional":true,"computed":true},"fragment":{"type":"string","description_kind":"plain","optional":true,"computed":true},"hdopt_type":{"type":"number","description_kind":"plain","optional":true,"computed":true},"hop_opt":{"type":"string","description_kind":"plain","optional":true,"computed":true},"id":{"type":"string","description_kind":"plain","optional":true,"computed":true},"no_next":{"type":"string","description_kind":"plain","optional":true,"computed":true},"routing":{"type":"string","description_kind":"plain","optional":true,"computed":true},"routing_type":{"type":"number","description_kind":"plain","optional":true,"computed":true}},"description_kind":"plain"}},"fortios_firewall_ldbmonitor":{"version":0,"block":{"attributes":{"http_get":{"type":"string","description_kind":"plain","optional":true,"computed":true},"http_match":{"type":"string","description_kind":"plain","optional":true,"computed":true},"http_max_redirects":{"type":"number","description_kind":"plain","optional":true,"computed":true},"id":{"type":"string","description_kind":"plain","optional":true,"computed":true},"interval":{"type":"number","description_kind":"plain","optional":true,"computed":true},"name":{"type":"string","description_kind":"plain","optional":true,"computed":true},"port":{"type":"number","description_kind":"plain","optional":true,"computed":true},"retry":{"type":"number","description_kind":"plain","optional":true,"computed":true},"timeout":{"type":"number","description_kind":"plain","optional":true,"computed":true},"type":{"type":"string","description_kind":"plain","required":true}},"description_kind":"plain"}},"fortios_firewall_localinpolicy":{"version":0,"block":{"attributes":{"action":{"type":"string","description_kind":"plain","optional":true,"computed":true},"comments":{"type":"string","description_kind":"plain","optional":true},"ha_mgmt_intf_only":{"type":"string","description_kind":"plain","optional":true,"computed":true},"id":{"type":"string","description_kind":"plain","optional":true,"computed":true},"intf":{"type":"string","description_kind":"plain","optional":true,"computed":true},"policyid":{"type":"number","description_kind":"plain","optional":true,"computed":true},"schedule":{"type":"string","description_kind":"plain","required":true},"status":{"type":"string","description_kind":"plain","optional":true,"computed":true}},"block_types":{"dstaddr":{"nesting_mode":"list","block":{"attributes":{"name":{"type":"string","description_kind":"plain","optional":true,"computed":true}},"description_kind":"plain"},"min_items":1},"service":{"nesting_mode":"list","block":{"attributes":{"name":{"type":"string","description_kind":"plain","optional":true,"computed":true}},"description_kind":"plain"}},"srcaddr":{"nesting_mode":"list","block":{"attributes":{"name":{"type":"string","description_kind":"plain","optional":true,"computed":true}},"description_kind":"plain"},"min_items":1}},"description_kind":"plain"}},"fortios_firewall_localinpolicy6":{"version":0,"block":{"attributes":{"action":{"type":"string","description_kind":"plain","optional":true,"computed":true},"comments":{"type":"string","description_kind":"plain","optional":true},"id":{"type":"string","description_kind":"plain","optional":true,"computed":true},"intf":{"type":"string","description_kind":"plain","required":true},"policyid":{"type":"number","description_kind":"plain","optional":true,"computed":true},"schedule":{"type":"string","description_kind":"plain","required":true},"status":{"type":"string","description_kind":"plain","optional":true,"computed":true}},"block_types":{"dstaddr":{"nesting_mode":"list","block":{"attributes":{"name":{"type":"string","description_kind":"plain","optional":true,"computed":true}},"description_kind":"plain"},"min_items":1},"service":{"nesting_mode":"list","block":{"attributes":{"name":{"type":"string","description_kind":"plain","optional":true,"computed":true}},"description_kind":"plain"},"min_items":1},"srcaddr":{"nesting_mode":"list","block":{"attributes":{"name":{"type":"string","description_kind":"plain","optional":true,"computed":true}},"description_kind":"plain"},"min_items":1}},"description_kind":"plain"}},"fortios_firewall_multicastaddress":{"version":0,"block":{"attributes":{"associated_interface":{"type":"string","description_kind":"plain","optional":true,"computed":true},"color":{"type":"number","description_kind":"plain","optional":true,"computed":true},"comment":{"type":"string","description_kind":"plain","optional":true},"end_ip":{"type":"string","description_kind":"plain","required":true},"id":{"type":"string","description_kind":"plain","optional":true,"computed":true},"name":{"type":"string","description_kind":"plain","optional":true,"computed":true},"start_ip":{"type":"string","description_kind":"plain","required":true},"subnet":{"type":"string","description_kind":"plain","optional":true,"computed":true},"type":{"type":"string","description_kind":"plain","optional":true,"computed":true},"visibility":{"type":"string","description_kind":"plain","optional":true,"computed":true}},"block_types":{"tagging":{"nesting_mode":"list","block":{"attributes":{"category":{"type":"string","description_kind":"plain","optional":true,"computed":true},"name":{"type":"string","description_kind":"plain","optional":true,"computed":true}},"block_types":{"tags":{"nesting_mode":"list","block":{"attributes":{"name":{"type":"string","description_kind":"plain","optional":true,"computed":true}},"description_kind":"plain"}}},"description_kind":"plain"}}},"description_kind":"plain"}},"fortios_firewall_multicastaddress6":{"version":0,"block":{"attributes":{"color":{"type":"number","description_kind":"plain","optional":true,"computed":true},"comment":{"type":"string","description_kind":"plain","optional":true},"id":{"type":"string","description_kind":"plain","optional":true,"computed":true},"ip6":{"type":"string","description_kind":"plain","required":true},"name":{"type":"string","description_kind":"plain","optional":true,"computed":true},"visibility":{"type":"string","description_kind":"plain","optional":true,"computed":true}},"block_types":{"tagging":{"nesting_mode":"list","block":{"attributes":{"category":{"type":"string","description_kind":"plain","optional":true,"computed":true},"name":{"type":"string","description_kind":"plain","optional":true,"computed":true}},"block_types":{"tags":{"nesting_mode":"list","block":{"attributes":{"name":{"type":"string","description_kind":"plain","optional":true,"computed":true}},"description_kind":"plain"}}},"description_kind":"plain"}}},"description_kind":"plain"}},"fortios_firewall_multicastpolicy":{"version":0,"block":{"attributes":{"action":{"type":"string","description_kind":"plain","optional":true,"computed":true},"dnat":{"type":"string","description_kind":"plain","optional":true,"computed":true},"dstintf":{"type":"string","description_kind":"plain","required":true},"end_port":{"type":"number","description_kind":"plain","optional":true,"computed":true},"fosid":{"type":"number","description_kind":"plain","optional":true,"computed":true},"id":{"type":"string","description_kind":"plain","optional":true,"computed":true},"logtraffic":{"type":"string","description_kind":"plain","optional":true,"computed":true},"protocol":{"type":"number","description_kind":"plain","optional":true,"computed":true},"snat":{"type":"string","description_kind":"plain","optional":true,"computed":true},"snat_ip":{"type":"string","description_kind":"plain","optional":true,"computed":true},"srcintf":{"type":"string","description_kind":"plain","required":true},"start_port":{"type":"number","description_kind":"plain","optional":true,"computed":true},"status":{"type":"string","description_kind":"plain","optional":true,"computed":true}},"block_types":{"dstaddr":{"nesting_mode":"list","block":{"attributes":{"name":{"type":"string","description_kind":"plain","optional":true,"computed":true}},"description_kind":"plain"},"min_items":1},"srcaddr":{"nesting_mode":"list","block":{"attributes":{"name":{"type":"string","description_kind":"plain","optional":true,"computed":true}},"description_kind":"plain"},"min_items":1}},"description_kind":"plain"}},"fortios_firewall_multicastpolicy6":{"version":0,"block":{"attributes":{"action":{"type":"string","description_kind":"plain","optional":true,"computed":true},"dstintf":{"type":"string","description_kind":"plain","required":true},"end_port":{"type":"number","description_kind":"plain","optional":true,"computed":true},"fosid":{"type":"number","description_kind":"plain","optional":true,"computed":true},"id":{"type":"string","description_kind":"plain","optional":true,"computed":true},"logtraffic":{"type":"string","description_kind":"plain","optional":true,"computed":true},"protocol":{"type":"number","description_kind":"plain","optional":true,"computed":true},"srcintf":{"type":"string","description_kind":"plain","required":true},"start_port":{"type":"number","description_kind":"plain","optional":true,"computed":true},"status":{"type":"string","description_kind":"plain","optional":true,"computed":true}},"block_types":{"dstaddr":{"nesting_mode":"list","block":{"attributes":{"name":{"type":"string","description_kind":"plain","optional":true,"computed":true}},"description_kind":"plain"},"min_items":1},"srcaddr":{"nesting_mode":"list","block":{"attributes":{"name":{"type":"string","description_kind":"plain","optional":true,"computed":true}},"description_kind":"plain"},"min_items":1}},"description_kind":"plain"}},"fortios_firewall_object_address":{"version":0,"block":{"attributes":{"associated_interface":{"type":"string","description_kind":"plain","optional":true,"computed":true},"comment":{"type":"string","description_kind":"plain","optional":true},"country":{"type":"string","description_kind":"plain","optional":true,"computed":true},"end_ip":{"type":"string","description_kind":"plain","optional":true,"computed":true},"fqdn":{"type":"string","description_kind":"plain","optional":true,"computed":true},"id":{"type":"string","description_kind":"plain","optional":true,"computed":true},"name":{"type":"string","description_kind":"plain","required":true},"show_in_address_list":{"type":"string","description_kind":"plain","optional":true,"computed":true},"start_ip":{"type":"string","description_kind":"plain","optional":true,"computed":true},"static_route_configure":{"type":"string","description_kind":"plain","optional":true,"computed":true},"subnet":{"type":"string","description_kind":"plain","optional":true,"computed":true},"type":{"type":"string","description_kind":"plain","required":true}},"description_kind":"plain"}},"fortios_firewall_object_addressgroup":{"version":0,"block":{"attributes":{"comment":{"type":"string","description_kind":"plain","optional":true},"id":{"type":"string","description_kind":"plain","optional":true,"computed":true},"member":{"type":["list","string"],"description_kind":"plain","required":true},"name":{"type":"string","description_kind":"plain","required":true}},"description_kind":"plain"}},"fortios_firewall_object_ippool":{"version":0,"block":{"attributes":{"arp_reply":{"type":"string","description_kind":"plain","optional":true,"computed":true},"comments":{"type":"string","description_kind":"plain","optional":true},"endip":{"type":"string","description_kind":"plain","required":true},"id":{"type":"string","description_kind":"plain","optional":true,"computed":true},"name":{"type":"string","description_kind":"plain","required":true},"startip":{"type":"string","description_kind":"plain","required":true},"type":{"type":"string","description_kind":"plain","required":true}},"description_kind":"plain"}},"fortios_firewall_object_service":{"version":0,"block":{"attributes":{"category":{"type":"string","description_kind":"plain","required":true},"comment":{"type":"string","description_kind":"plain","optional":true},"fqdn":{"type":"string","description_kind":"plain","optional":true,"computed":true},"icmpcode":{"type":"string","description_kind":"plain","optional":true,"computed":true},"icmptype":{"type":"string","description_kind":"plain","optional":true,"computed":true},"id":{"type":"string","description_kind":"plain","optional":true,"computed":true},"iprange":{"type":"string","description_kind":"plain","optional":true,"computed":true},"name":{"type":"string","description_kind":"plain","required":true},"protocol":{"type":"string","description_kind":"plain","required":true},"protocol_number":{"type":"string","description_kind":"plain","optional":true,"computed":true},"sctp_portrange":{"type":"string","description_kind":"plain","optional":true,"computed":true},"session_ttl":{"type":"string","description_kind":"plain","optional":true,"computed":true},"tcp_portrange":{"type":"string","description_kind":"plain","optional":true,"computed":true},"udp_portrange":{"type":"string","description_kind":"plain","optional":true,"computed":true}},"description_kind":"plain"}},"fortios_firewall_object_servicecategory":{"version":0,"block":{"attributes":{"comment":{"type":"string","description_kind":"plain","optional":true},"id":{"type":"string","description_kind":"plain","optional":true,"computed":true},"name":{"type":"string","description_kind":"plain","required":true}},"description_kind":"plain"}},"fortios_firewall_object_servicegroup":{"version":0,"block":{"attributes":{"comment":{"type":"string","description_kind":"plain","optional":true},"id":{"type":"string","description_kind":"plain","optional":true,"computed":true},"member":{"type":["list","string"],"description_kind":"plain","required":true},"name":{"type":"string","description_kind":"plain","required":true}},"description_kind":"plain"}},"fortios_firewall_object_vip":{"version":0,"block":{"attributes":{"comment":{"type":"string","description_kind":"plain","optional":true},"extintf":{"type":"string","description_kind":"plain","optional":true,"computed":true},"extip":{"type":"string","description_kind":"plain","required":true},"extport":{"type":"string","description_kind":"plain","optional":true,"computed":true},"id":{"type":"string","description_kind":"plain","optional":true,"computed":true},"mappedip":{"type":["list","string"],"description_kind":"plain","required":true},"mappedport":{"type":"string","description_kind":"plain","optional":true,"computed":true},"name":{"type":"string","description_kind":"plain","required":true},"portforward":{"type":"string","description_kind":"plain","optional":true,"computed":true},"protocol":{"type":"string","description_kind":"plain","optional":true,"computed":true}},"description_kind":"plain"}},"fortios_firewall_object_vipgroup":{"version":0,"block":{"attributes":{"comments":{"type":"string","description_kind":"plain","optional":true},"id":{"type":"string","description_kind":"plain","optional":true,"computed":true},"interface":{"type":"string","description_kind":"plain","optional":true,"computed":true},"member":{"type":["list","string"],"description_kind":"plain","required":true},"name":{"type":"string","description_kind":"plain","required":true}},"description_kind":"plain"}},"fortios_firewall_policy":{"version":0,"block":{"attributes":{"action":{"type":"string","description_kind":"plain","optional":true,"computed":true},"application_list":{"type":"string","description_kind":"plain","optional":true,"computed":true},"auth_cert":{"type":"string","description_kind":"plain","optional":true,"computed":true},"auth_path":{"type":"string","description_kind":"plain","optional":true,"computed":true},"auth_redirect_addr":{"type":"string","description_kind":"plain","optional":true,"computed":true},"av_profile":{"type":"string","description_kind":"plain","optional":true,"computed":true},"block_notification":{"type":"string","description_kind":"plain","optional":true,"computed":true},"captive_portal_exempt":{"type":"string","description_kind":"plain","optional":true,"computed":true},"capture_packet":{"type":"string","description_kind":"plain","optional":true,"computed":true},"comments":{"type":"string","description_kind":"plain","optional":true},"delay_tcp_npu_session":{"type":"string","description_kind":"plain","optional":true,"computed":true},"diffserv_forward":{"type":"string","description_kind":"plain","optional":true,"computed":true},"diffserv_reverse":{"type":"string","description_kind":"plain","optional":true,"computed":true},"diffservcode_forward":{"type":"string","description_kind":"plain","optional":true,"computed":true},"diffservcode_rev":{"type":"string","description_kind":"plain","optional":true,"computed":true},"disclaimer":{"type":"string","description_kind":"plain","optional":true,"computed":true},"dlp_sensor":{"type":"string","description_kind":"plain","optional":true,"computed":true},"dnsfilter_profile":{"type":"string","description_kind":"plain","optional":true,"computed":true},"dsri":{"type":"string","description_kind":"plain","optional":true,"computed":true},"dstaddr_negate":{"type":"string","description_kind":"plain","optional":true,"computed":true},"firewall_session_dirty":{"type":"string","description_kind":"plain","optional":true,"computed":true},"fixedport":{"type":"string","description_kind":"plain","optional":true,"computed":true},"fsso":{"type":"string","description_kind":"plain","optional":true,"computed":true},"fsso_agent_for_ntlm":{"type":"string","description_kind":"plain","optional":true,"computed":true},"global_label":{"type":"string","description_kind":"plain","optional":true,"computed":true},"icap_profile":{"type":"string","description_kind":"plain","optional":true,"computed":true},"id":{"type":"string","description_kind":"plain","optional":true,"computed":true},"identity_based_route":{"type":"string","description_kind":"plain","optional":true,"computed":true},"inbound":{"type":"string","description_kind":"plain","optional":true,"computed":true},"internet_service":{"type":"string","description_kind":"plain","optional":true,"computed":true},"internet_service_negate":{"type":"string","description_kind":"plain","optional":true,"computed":true},"internet_service_src":{"type":"string","description_kind":"plain","optional":true,"computed":true},"internet_service_src_negate":{"type":"string","description_kind":"plain","optional":true,"computed":true},"ippool":{"type":"string","description_kind":"plain","optional":true,"computed":true},"ips_sensor":{"type":"string","description_kind":"plain","optional":true,"computed":true},"label":{"type":"string","description_kind":"plain","optional":true,"computed":true},"learning_mode":{"type":"string","description_kind":"plain","optional":true,"computed":true},"logtraffic":{"type":"string","description_kind":"plain","optional":true,"computed":true},"logtraffic_start":{"type":"string","description_kind":"plain","optional":true,"computed":true},"match_vip":{"type":"string","description_kind":"plain","optional":true,"computed":true},"name":{"type":"string","description_kind":"plain","optional":true,"computed":true},"nat":{"type":"string","description_kind":"plain","optional":true,"computed":true},"natinbound":{"type":"string","description_kind":"plain","optional":true,"computed":true},"natip":{"type":"string","description_kind":"plain","optional":true,"computed":true},"natoutbound":{"type":"string","description_kind":"plain","optional":true,"computed":true},"ntlm":{"type":"string","description_kind":"plain","optional":true,"computed":true},"ntlm_guest":{"type":"string","description_kind":"plain","optional":true,"computed":true},"outbound":{"type":"string","description_kind":"plain","optional":true,"computed":true},"per_ip_shaper":{"type":"string","description_kind":"plain","optional":true,"computed":true},"permit_any_host":{"type":"string","description_kind":"plain","optional":true,"computed":true},"permit_stun_host":{"type":"string","description_kind":"plain","optional":true,"computed":true},"policyid":{"type":"number","description_kind":"plain","optional":true,"computed":true},"profile_group":{"type":"string","description_kind":"plain","optional":true,"computed":true},"profile_protocol_options":{"type":"string","description_kind":"plain","optional":true,"computed":true},"profile_type":{"type":"string","description_kind":"plain","optional":true,"computed":true},"radius_mac_auth_bypass":{"type":"string","description_kind":"plain","optional":true,"computed":true},"redirect_url":{"type":"string","description_kind":"plain","optional":true,"computed":true},"replacemsg_override_group":{"type":"string","description_kind":"plain","optional":true,"computed":true},"reputation_direction":{"type":"string","description_kind":"plain","optional":true,"computed":true},"reputation_minimum":{"type":"number","description_kind":"plain","optional":true,"computed":true},"rsso":{"type":"string","description_kind":"plain","optional":true,"computed":true},"rtp_nat":{"type":"string","description_kind":"plain","optional":true,"computed":true},"scan_botnet_connections":{"type":"string","description_kind":"plain","optional":true,"computed":true},"schedule":{"type":"string","description_kind":"plain","optional":true,"computed":true},"schedule_timeout":{"type":"string","description_kind":"plain","optional":true,"computed":true},"send_deny_packet":{"type":"string","description_kind":"plain","optional":true,"computed":true},"service_negate":{"type":"string","description_kind":"plain","optional":true,"computed":true},"session_ttl":{"type":"number","description_kind":"plain","optional":true,"computed":true},"spamfilter_profile":{"type":"string","description_kind":"plain","optional":true,"computed":true},"srcaddr_negate":{"type":"string","description_kind":"plain","optional":true,"computed":true},"ssh_filter_profile":{"type":"string","description_kind":"plain","optional":true,"computed":true},"ssl_mirror":{"type":"string","description_kind":"plain","optional":true,"computed":true},"ssl_ssh_profile":{"type":"string","description_kind":"plain","optional":true,"computed":true},"status":{"type":"string","description_kind":"plain","optional":true,"computed":true},"tcp_mss_receiver":{"type":"number","description_kind":"plain","optional":true,"computed":true},"tcp_mss_sender":{"type":"number","description_kind":"plain","optional":true,"computed":true},"tcp_session_without_syn":{"type":"string","description_kind":"plain","optional":true,"computed":true},"timeout_send_rst":{"type":"string","description_kind":"plain","optional":true,"computed":true},"tos":{"type":"string","description_kind":"plain","optional":true,"computed":true},"tos_mask":{"type":"string","description_kind":"plain","optional":true,"computed":true},"tos_negate":{"type":"string","description_kind":"plain","optional":true,"computed":true},"traffic_shaper":{"type":"string","description_kind":"plain","optional":true,"computed":true},"traffic_shaper_reverse":{"type":"string","description_kind":"plain","optional":true,"computed":true},"utm_status":{"type":"string","description_kind":"plain","optional":true,"computed":true},"uuid":{"type":"string","description_kind":"plain","optional":true,"computed":true},"vlan_cos_fwd":{"type":"number","description_kind":"plain","optional":true,"computed":true},"vlan_cos_rev":{"type":"number","description_kind":"plain","optional":true,"computed":true},"vlan_filter":{"type":"string","description_kind":"plain","optional":true,"computed":true},"voip_profile":{"type":"string","description_kind":"plain","optional":true,"computed":true},"vpntunnel":{"type":"string","description_kind":"plain","optional":true,"computed":true},"waf_profile":{"type":"string","description_kind":"plain","optional":true,"computed":true},"wanopt":{"type":"string","description_kind":"plain","optional":true,"computed":true},"wanopt_detection":{"type":"string","description_kind":"plain","optional":true,"computed":true},"wanopt_passive_opt":{"type":"string","description_kind":"plain","optional":true,"computed":true},"wanopt_peer":{"type":"string","description_kind":"plain","optional":true,"computed":true},"wanopt_profile":{"type":"string","description_kind":"plain","optional":true,"computed":true},"wccp":{"type":"string","description_kind":"plain","optional":true,"computed":true},"webcache":{"type":"string","description_kind":"plain","optional":true,"computed":true},"webcache_https":{"type":"string","description_kind":"plain","optional":true,"computed":true},"webfilter_profile":{"type":"string","description_kind":"plain","optional":true,"computed":true},"webproxy_forward_server":{"type":"string","description_kind":"plain","optional":true,"computed":true},"wsso":{"type":"string","description_kind":"plain","optional":true,"computed":true}},"block_types":{"app_category":{"nesting_mode":"list","block":{"attributes":{"id":{"type":"number","description_kind":"plain","optional":true,"computed":true}},"description_kind":"plain"}},"app_group":{"nesting_mode":"list","block":{"attributes":{"name":{"type":"string","description_kind":"plain","optional":true,"computed":true}},"description_kind":"plain"}},"application":{"nesting_mode":"list","block":{"attributes":{"id":{"type":"number","description_kind":"plain","optional":true,"computed":true}},"description_kind":"plain"}},"custom_log_fields":{"nesting_mode":"list","block":{"attributes":{"field_id":{"type":"string","description_kind":"plain","optional":true,"computed":true}},"description_kind":"plain"}},"devices":{"nesting_mode":"list","block":{"attributes":{"name":{"type":"string","description_kind":"plain","optional":true,"computed":true}},"description_kind":"plain"}},"dstaddr":{"nesting_mode":"list","block":{"attributes":{"name":{"type":"string","description_kind":"plain","optional":true,"computed":true}},"description_kind":"plain"}},"dstintf":{"nesting_mode":"list","block":{"attributes":{"name":{"type":"string","description_kind":"plain","optional":true,"computed":true}},"description_kind":"plain"},"min_items":1},"groups":{"nesting_mode":"list","block":{"attributes":{"name":{"type":"string","description_kind":"plain","optional":true,"computed":true}},"description_kind":"plain"}},"internet_service_custom":{"nesting_mode":"list","block":{"attributes":{"name":{"type":"string","description_kind":"plain","optional":true,"computed":true}},"description_kind":"plain"}},"internet_service_custom_group":{"nesting_mode":"list","block":{"attributes":{"name":{"type":"string","description_kind":"plain","optional":true,"computed":true}},"description_kind":"plain"}},"internet_service_group":{"nesting_mode":"list","block":{"attributes":{"name":{"type":"string","description_kind":"plain","optional":true,"computed":true}},"description_kind":"plain"}},"internet_service_id":{"nesting_mode":"list","block":{"attributes":{"id":{"type":"number","description_kind":"plain","optional":true,"computed":true}},"description_kind":"plain"}},"internet_service_src_custom":{"nesting_mode":"list","block":{"attributes":{"name":{"type":"string","description_kind":"plain","optional":true,"computed":true}},"description_kind":"plain"}},"internet_service_src_custom_group":{"nesting_mode":"list","block":{"attributes":{"name":{"type":"string","description_kind":"plain","optional":true,"computed":true}},"description_kind":"plain"}},"internet_service_src_group":{"nesting_mode":"list","block":{"attributes":{"name":{"type":"string","description_kind":"plain","optional":true,"computed":true}},"description_kind":"plain"}},"internet_service_src_id":{"nesting_mode":"list","block":{"attributes":{"id":{"type":"number","description_kind":"plain","optional":true,"computed":true}},"description_kind":"plain"}},"ntlm_enabled_browsers":{"nesting_mode":"list","block":{"attributes":{"user_agent_string":{"type":"string","description_kind":"plain","optional":true,"computed":true}},"description_kind":"plain"}},"poolname":{"nesting_mode":"list","block":{"attributes":{"name":{"type":"string","description_kind":"plain","optional":true,"computed":true}},"description_kind":"plain"}},"rtp_addr":{"nesting_mode":"list","block":{"attributes":{"name":{"type":"string","description_kind":"plain","optional":true,"computed":true}},"description_kind":"plain"}},"service":{"nesting_mode":"list","block":{"attributes":{"name":{"type":"string","description_kind":"plain","optional":true,"computed":true}},"description_kind":"plain"}},"srcaddr":{"nesting_mode":"list","block":{"attributes":{"name":{"type":"string","description_kind":"plain","optional":true,"computed":true}},"description_kind":"plain"}},"srcintf":{"nesting_mode":"list","block":{"attributes":{"name":{"type":"string","description_kind":"plain","optional":true,"computed":true}},"description_kind":"plain"},"min_items":1},"ssl_mirror_intf":{"nesting_mode":"list","block":{"attributes":{"name":{"type":"string","description_kind":"plain","optional":true,"computed":true}},"description_kind":"plain"}},"url_category":{"nesting_mode":"list","block":{"attributes":{"id":{"type":"number","description_kind":"plain","optional":true,"computed":true}},"description_kind":"plain"}},"users":{"nesting_mode":"list","block":{"attributes":{"name":{"type":"string","description_kind":"plain","optional":true,"computed":true}},"description_kind":"plain"}}},"description_kind":"plain"}},"fortios_firewall_policy46":{"version":0,"block":{"attributes":{"action":{"type":"string","description_kind":"plain","optional":true,"computed":true},"comments":{"type":"string","description_kind":"plain","optional":true},"dstintf":{"type":"string","description_kind":"plain","required":true},"fixedport":{"type":"string","description_kind":"plain","optional":true,"computed":true},"id":{"type":"string","description_kind":"plain","optional":true,"computed":true},"ippool":{"type":"string","description_kind":"plain","optional":true,"computed":true},"logtraffic":{"type":"string","description_kind":"plain","optional":true,"computed":true},"per_ip_shaper":{"type":"string","description_kind":"plain","optional":true,"computed":true},"permit_any_host":{"type":"string","description_kind":"plain","optional":true,"computed":true},"policyid":{"type":"number","description_kind":"plain","optional":true,"computed":true},"schedule":{"type":"string","description_kind":"plain","required":true},"srcintf":{"type":"string","description_kind":"plain","required":true},"status":{"type":"string","description_kind":"plain","optional":true,"computed":true},"tcp_mss_receiver":{"type":"number","description_kind":"plain","optional":true,"computed":true},"tcp_mss_sender":{"type":"number","description_kind":"plain","optional":true,"computed":true},"traffic_shaper":{"type":"string","description_kind":"plain","optional":true,"computed":true},"traffic_shaper_reverse":{"type":"string","description_kind":"plain","optional":true,"computed":true},"uuid":{"type":"string","description_kind":"plain","optional":true,"computed":true}},"block_types":{"dstaddr":{"nesting_mode":"list","block":{"attributes":{"name":{"type":"string","description_kind":"plain","optional":true,"computed":true}},"description_kind":"plain"},"min_items":1},"poolname":{"nesting_mode":"list","block":{"attributes":{"name":{"type":"string","description_kind":"plain","optional":true,"computed":true}},"description_kind":"plain"}},"service":{"nesting_mode":"list","block":{"attributes":{"name":{"type":"string","description_kind":"plain","optional":true,"computed":true}},"description_kind":"plain"}},"srcaddr":{"nesting_mode":"list","block":{"attributes":{"name":{"type":"string","description_kind":"plain","optional":true,"computed":true}},"description_kind":"plain"},"min_items":1}},"description_kind":"plain"}},"fortios_firewall_policy6":{"version":0,"block":{"attributes":{"action":{"type":"string","description_kind":"plain","optional":true,"computed":true},"application_list":{"type":"string","description_kind":"plain","optional":true,"computed":true},"av_profile":{"type":"string","description_kind":"plain","optional":true,"computed":true},"comments":{"type":"string","description_kind":"plain","optional":true},"diffserv_forward":{"type":"string","description_kind":"plain","optional":true,"computed":true},"diffserv_reverse":{"type":"string","description_kind":"plain","optional":true,"computed":true},"diffservcode_forward":{"type":"string","description_kind":"plain","optional":true,"computed":true},"diffservcode_rev":{"type":"string","description_kind":"plain","optional":true,"computed":true},"dlp_sensor":{"type":"string","description_kind":"plain","optional":true,"computed":true},"dsri":{"type":"string","description_kind":"plain","optional":true,"computed":true},"dstaddr_negate":{"type":"string","description_kind":"plain","optional":true,"computed":true},"firewall_session_dirty":{"type":"string","description_kind":"plain","optional":true,"computed":true},"fixedport":{"type":"string","description_kind":"plain","optional":true,"computed":true},"global_label":{"type":"string","description_kind":"plain","optional":true,"computed":true},"icap_profile":{"type":"string","description_kind":"plain","optional":true,"computed":true},"id":{"type":"string","description_kind":"plain","optional":true,"computed":true},"inbound":{"type":"string","description_kind":"plain","optional":true,"computed":true},"ippool":{"type":"string","description_kind":"plain","optional":true,"computed":true},"ips_sensor":{"type":"string","description_kind":"plain","optional":true,"computed":true},"label":{"type":"string","description_kind":"plain","optional":true,"computed":true},"logtraffic":{"type":"string","description_kind":"plain","optional":true,"computed":true},"logtraffic_start":{"type":"string","description_kind":"plain","optional":true,"computed":true},"name":{"type":"string","description_kind":"plain","optional":true,"computed":true},"nat":{"type":"string","description_kind":"plain","optional":true,"computed":true},"natinbound":{"type":"string","description_kind":"plain","optional":true,"computed":true},"natoutbound":{"type":"string","description_kind":"plain","optional":true,"computed":true},"outbound":{"type":"string","description_kind":"plain","optional":true,"computed":true},"per_ip_shaper":{"type":"string","description_kind":"plain","optional":true,"computed":true},"policyid":{"type":"number","description_kind":"plain","optional":true,"computed":true},"profile_group":{"type":"string","description_kind":"plain","optional":true,"computed":true},"profile_protocol_options":{"type":"string","description_kind":"plain","optional":true,"computed":true},"profile_type":{"type":"string","description_kind":"plain","optional":true,"computed":true},"replacemsg_override_group":{"type":"string","description_kind":"plain","optional":true,"computed":true},"rsso":{"type":"string","description_kind":"plain","optional":true,"computed":true},"schedule":{"type":"string","description_kind":"plain","required":true},"send_deny_packet":{"type":"string","description_kind":"plain","optional":true,"computed":true},"service_negate":{"type":"string","description_kind":"plain","optional":true,"computed":true},"session_ttl":{"type":"number","description_kind":"plain","optional":true,"computed":true},"spamfilter_profile":{"type":"string","description_kind":"plain","optional":true,"computed":true},"srcaddr_negate":{"type":"string","description_kind":"plain","optional":true,"computed":true},"ssh_filter_profile":{"type":"string","description_kind":"plain","optional":true,"computed":true},"ssl_mirror":{"type":"string","description_kind":"plain","optional":true,"computed":true},"ssl_ssh_profile":{"type":"string","description_kind":"plain","optional":true,"computed":true},"status":{"type":"string","description_kind":"plain","optional":true,"computed":true},"tcp_mss_receiver":{"type":"number","description_kind":"plain","optional":true,"computed":true},"tcp_mss_sender":{"type":"number","description_kind":"plain","optional":true,"computed":true},"tcp_session_without_syn":{"type":"string","description_kind":"plain","optional":true,"computed":true},"timeout_send_rst":{"type":"string","description_kind":"plain","optional":true,"computed":true},"tos":{"type":"string","description_kind":"plain","optional":true,"computed":true},"tos_mask":{"type":"string","description_kind":"plain","optional":true,"computed":true},"tos_negate":{"type":"string","description_kind":"plain","optional":true,"computed":true},"traffic_shaper":{"type":"string","description_kind":"plain","optional":true,"computed":true},"traffic_shaper_reverse":{"type":"string","description_kind":"plain","optional":true,"computed":true},"utm_status":{"type":"string","description_kind":"plain","optional":true,"computed":true},"uuid":{"type":"string","description_kind":"plain","optional":true,"computed":true},"vlan_cos_fwd":{"type":"number","description_kind":"plain","optional":true,"computed":true},"vlan_cos_rev":{"type":"number","description_kind":"plain","optional":true,"computed":true},"vlan_filter":{"type":"string","description_kind":"plain","optional":true,"computed":true},"voip_profile":{"type":"string","description_kind":"plain","optional":true,"computed":true},"vpntunnel":{"type":"string","description_kind":"plain","optional":true,"computed":true},"webfilter_profile":{"type":"string","description_kind":"plain","optional":true,"computed":true}},"block_types":{"app_category":{"nesting_mode":"list","block":{"attributes":{"id":{"type":"number","description_kind":"plain","optional":true,"computed":true}},"description_kind":"plain"}},"app_group":{"nesting_mode":"list","block":{"attributes":{"name":{"type":"string","description_kind":"plain","optional":true,"computed":true}},"description_kind":"plain"}},"application":{"nesting_mode":"list","block":{"attributes":{"id":{"type":"number","description_kind":"plain","optional":true,"computed":true}},"description_kind":"plain"}},"custom_log_fields":{"nesting_mode":"list","block":{"attributes":{"field_id":{"type":"string","description_kind":"plain","optional":true,"computed":true}},"description_kind":"plain"}},"devices":{"nesting_mode":"list","block":{"attributes":{"name":{"type":"string","description_kind":"plain","optional":true,"computed":true}},"description_kind":"plain"}},"dstaddr":{"nesting_mode":"list","block":{"attributes":{"name":{"type":"string","description_kind":"plain","optional":true,"computed":true}},"description_kind":"plain"},"min_items":1},"dstintf":{"nesting_mode":"list","block":{"attributes":{"name":{"type":"string","description_kind":"plain","optional":true,"computed":true}},"description_kind":"plain"},"min_items":1},"groups":{"nesting_mode":"list","block":{"attributes":{"name":{"type":"string","description_kind":"plain","optional":true,"computed":true}},"description_kind":"plain"}},"poolname":{"nesting_mode":"list","block":{"attributes":{"name":{"type":"string","description_kind":"plain","optional":true,"computed":true}},"description_kind":"plain"}},"service":{"nesting_mode":"list","block":{"attributes":{"name":{"type":"string","description_kind":"plain","optional":true,"computed":true}},"description_kind":"plain"}},"srcaddr":{"nesting_mode":"list","block":{"attributes":{"name":{"type":"string","description_kind":"plain","optional":true,"computed":true}},"description_kind":"plain"},"min_items":1},"srcintf":{"nesting_mode":"list","block":{"attributes":{"name":{"type":"string","description_kind":"plain","optional":true,"computed":true}},"description_kind":"plain"},"min_items":1},"ssl_mirror_intf":{"nesting_mode":"list","block":{"attributes":{"name":{"type":"string","description_kind":"plain","optional":true,"computed":true}},"description_kind":"plain"}},"url_category":{"nesting_mode":"list","block":{"attributes":{"id":{"type":"number","description_kind":"plain","optional":true,"computed":true}},"description_kind":"plain"}},"users":{"nesting_mode":"list","block":{"attributes":{"name":{"type":"string","description_kind":"plain","optional":true,"computed":true}},"description_kind":"plain"}}},"description_kind":"plain"}},"fortios_firewall_policy64":{"version":0,"block":{"attributes":{"action":{"type":"string","description_kind":"plain","optional":true,"computed":true},"comments":{"type":"string","description_kind":"plain","optional":true},"dstintf":{"type":"string","description_kind":"plain","required":true},"fixedport":{"type":"string","description_kind":"plain","optional":true,"computed":true},"id":{"type":"string","description_kind":"plain","optional":true,"computed":true},"ippool":{"type":"string","description_kind":"plain","optional":true,"computed":true},"logtraffic":{"type":"string","description_kind":"plain","optional":true,"computed":true},"per_ip_shaper":{"type":"string","description_kind":"plain","optional":true,"computed":true},"permit_any_host":{"type":"string","description_kind":"plain","optional":true,"computed":true},"policyid":{"type":"number","description_kind":"plain","optional":true,"computed":true},"schedule":{"type":"string","description_kind":"plain","required":true},"srcintf":{"type":"string","description_kind":"plain","required":true},"status":{"type":"string","description_kind":"plain","optional":true,"computed":true},"tcp_mss_receiver":{"type":"number","description_kind":"plain","optional":true,"computed":true},"tcp_mss_sender":{"type":"number","description_kind":"plain","optional":true,"computed":true},"traffic_shaper":{"type":"string","description_kind":"plain","optional":true,"computed":true},"traffic_shaper_reverse":{"type":"string","description_kind":"plain","optional":true,"computed":true},"uuid":{"type":"string","description_kind":"plain","optional":true,"computed":true}},"block_types":{"dstaddr":{"nesting_mode":"list","block":{"attributes":{"name":{"type":"string","description_kind":"plain","optional":true,"computed":true}},"description_kind":"plain"},"min_items":1},"poolname":{"nesting_mode":"list","block":{"attributes":{"name":{"type":"string","description_kind":"plain","optional":true,"computed":true}},"description_kind":"plain"}},"service":{"nesting_mode":"list","block":{"attributes":{"name":{"type":"string","description_kind":"plain","optional":true,"computed":true}},"description_kind":"plain"}},"srcaddr":{"nesting_mode":"list","block":{"attributes":{"name":{"type":"string","description_kind":"plain","optional":true,"computed":true}},"description_kind":"plain"},"min_items":1}},"description_kind":"plain"}},"fortios_firewall_profilegroup":{"version":0,"block":{"attributes":{"application_list":{"type":"string","description_kind":"plain","optional":true,"computed":true},"av_profile":{"type":"string","description_kind":"plain","optional":true,"computed":true},"dlp_sensor":{"type":"string","description_kind":"plain","optional":true,"computed":true},"dnsfilter_profile":{"type":"string","description_kind":"plain","optional":true,"computed":true},"icap_profile":{"type":"string","description_kind":"plain","optional":true,"computed":true},"id":{"type":"string","description_kind":"plain","optional":true,"computed":true},"ips_sensor":{"type":"string","description_kind":"plain","optional":true,"computed":true},"name":{"type":"string","description_kind":"plain","required":true},"profile_protocol_options":{"type":"string","description_kind":"plain","optional":true,"computed":true},"spamfilter_profile":{"type":"string","description_kind":"plain","optional":true,"computed":true},"ssh_filter_profile":{"type":"string","description_kind":"plain","optional":true,"computed":true},"ssl_ssh_profile":{"type":"string","description_kind":"plain","optional":true,"computed":true},"voip_profile":{"type":"string","description_kind":"plain","optional":true,"computed":true},"waf_profile":{"type":"string","description_kind":"plain","optional":true,"computed":true},"webfilter_profile":{"type":"string","description_kind":"plain","optional":true,"computed":true}},"description_kind":"plain"}},"fortios_firewall_profileprotocoloptions":{"version":0,"block":{"attributes":{"comment":{"type":"string","description_kind":"plain","optional":true},"id":{"type":"string","description_kind":"plain","optional":true,"computed":true},"name":{"type":"string","description_kind":"plain","required":true},"oversize_log":{"type":"string","description_kind":"plain","optional":true,"computed":true},"replacemsg_group":{"type":"string","description_kind":"plain","optional":true,"computed":true},"rpc_over_http":{"type":"string","description_kind":"plain","optional":true,"computed":true},"switching_protocols_log":{"type":"string","description_kind":"plain","optional":true,"computed":true}},"block_types":{"dns":{"nesting_mode":"list","block":{"attributes":{"ports":{"type":"number","description_kind":"plain","optional":true,"computed":true},"status":{"type":"string","description_kind":"plain","optional":true,"computed":true}},"description_kind":"plain"},"max_items":1},"ftp":{"nesting_mode":"list","block":{"attributes":{"comfort_amount":{"type":"number","description_kind":"plain","optional":true,"computed":true},"comfort_interval":{"type":"number","description_kind":"plain","optional":true,"computed":true},"inspect_all":{"type":"string","description_kind":"plain","optional":true,"computed":true},"options":{"type":"string","description_kind":"plain","optional":true,"computed":true},"oversize_limit":{"type":"number","description_kind":"plain","optional":true,"computed":true},"ports":{"type":"number","description_kind":"plain","optional":true,"computed":true},"scan_bzip2":{"type":"string","description_kind":"plain","optional":true,"computed":true},"status":{"type":"string","description_kind":"plain","optional":true,"computed":true},"uncompressed_nest_limit":{"type":"number","description_kind":"plain","optional":true,"computed":true},"uncompressed_oversize_limit":{"type":"number","description_kind":"plain","optional":true,"computed":true}},"description_kind":"plain"},"max_items":1},"http":{"nesting_mode":"list","block":{"attributes":{"block_page_status_code":{"type":"number","description_kind":"plain","optional":true,"computed":true},"comfort_amount":{"type":"number","description_kind":"plain","optional":true,"computed":true},"comfort_interval":{"type":"number","description_kind":"plain","optional":true,"computed":true},"fortinet_bar":{"type":"string","description_kind":"plain","optional":true,"computed":true},"fortinet_bar_port":{"type":"number","description_kind":"plain","optional":true,"computed":true},"http_policy":{"type":"string","description_kind":"plain","optional":true,"computed":true},"inspect_all":{"type":"string","description_kind":"plain","optional":true,"computed":true},"options":{"type":"string","description_kind":"plain","optional":true,"computed":true},"oversize_limit":{"type":"number","description_kind":"plain","optional":true,"computed":true},"ports":{"type":"number","description_kind":"plain","optional":true,"computed":true},"post_lang":{"type":"string","description_kind":"plain","optional":true,"computed":true},"range_block":{"type":"string","description_kind":"plain","optional":true,"computed":true},"retry_count":{"type":"number","description_kind":"plain","optional":true,"computed":true},"scan_bzip2":{"type":"string","description_kind":"plain","optional":true,"computed":true},"status":{"type":"string","description_kind":"plain","optional":true,"computed":true},"streaming_content_bypass":{"type":"string","description_kind":"plain","optional":true,"computed":true},"strip_x_forwarded_for":{"type":"string","description_kind":"plain","optional":true,"computed":true},"switching_protocols":{"type":"string","description_kind":"plain","optional":true,"computed":true},"uncompressed_nest_limit":{"type":"number","description_kind":"plain","optional":true,"computed":true},"uncompressed_oversize_limit":{"type":"number","description_kind":"plain","optional":true,"computed":true}},"description_kind":"plain"},"max_items":1},"imap":{"nesting_mode":"list","block":{"attributes":{"inspect_all":{"type":"string","description_kind":"plain","optional":true,"computed":true},"options":{"type":"string","description_kind":"plain","optional":true,"computed":true},"oversize_limit":{"type":"number","description_kind":"plain","optional":true,"computed":true},"ports":{"type":"number","description_kind":"plain","optional":true,"computed":true},"scan_bzip2":{"type":"string","description_kind":"plain","optional":true,"computed":true},"status":{"type":"string","description_kind":"plain","optional":true,"computed":true},"uncompressed_nest_limit":{"type":"number","description_kind":"plain","optional":true,"computed":true},"uncompressed_oversize_limit":{"type":"number","description_kind":"plain","optional":true,"computed":true}},"description_kind":"plain"},"max_items":1},"mail_signature":{"nesting_mode":"list","block":{"attributes":{"signature":{"type":"string","description_kind":"plain","optional":true,"computed":true},"status":{"type":"string","description_kind":"plain","optional":true,"computed":true}},"description_kind":"plain"},"max_items":1},"mapi":{"nesting_mode":"list","block":{"attributes":{"options":{"type":"string","description_kind":"plain","optional":true,"computed":true},"oversize_limit":{"type":"number","description_kind":"plain","optional":true,"computed":true},"ports":{"type":"number","description_kind":"plain","optional":true,"computed":true},"scan_bzip2":{"type":"string","description_kind":"plain","optional":true,"computed":true},"status":{"type":"string","description_kind":"plain","optional":true,"computed":true},"uncompressed_nest_limit":{"type":"number","description_kind":"plain","optional":true,"computed":true},"uncompressed_oversize_limit":{"type":"number","description_kind":"plain","optional":true,"computed":true}},"description_kind":"plain"},"max_items":1},"nntp":{"nesting_mode":"list","block":{"attributes":{"inspect_all":{"type":"string","description_kind":"plain","optional":true,"computed":true},"options":{"type":"string","description_kind":"plain","optional":true,"computed":true},"oversize_limit":{"type":"number","description_kind":"plain","optional":true,"computed":true},"ports":{"type":"number","description_kind":"plain","optional":true,"computed":true},"scan_bzip2":{"type":"string","description_kind":"plain","optional":true,"computed":true},"status":{"type":"string","description_kind":"plain","optional":true,"computed":true},"uncompressed_nest_limit":{"type":"number","description_kind":"plain","optional":true,"computed":true},"uncompressed_oversize_limit":{"type":"number","description_kind":"plain","optional":true,"computed":true}},"description_kind":"plain"},"max_items":1},"pop3":{"nesting_mode":"list","block":{"attributes":{"inspect_all":{"type":"string","description_kind":"plain","optional":true,"computed":true},"options":{"type":"string","description_kind":"plain","optional":true,"computed":true},"oversize_limit":{"type":"number","description_kind":"plain","optional":true,"computed":true},"ports":{"type":"number","description_kind":"plain","optional":true,"computed":true},"scan_bzip2":{"type":"string","description_kind":"plain","optional":true,"computed":true},"status":{"type":"string","description_kind":"plain","optional":true,"computed":true},"uncompressed_nest_limit":{"type":"number","description_kind":"plain","optional":true,"computed":true},"uncompressed_oversize_limit":{"type":"number","description_kind":"plain","optional":true,"computed":true}},"description_kind":"plain"},"max_items":1},"smtp":{"nesting_mode":"list","block":{"attributes":{"inspect_all":{"type":"string","description_kind":"plain","optional":true,"computed":true},"options":{"type":"string","description_kind":"plain","optional":true,"computed":true},"oversize_limit":{"type":"number","description_kind":"plain","optional":true,"computed":true},"ports":{"type":"number","description_kind":"plain","optional":true,"computed":true},"scan_bzip2":{"type":"string","description_kind":"plain","optional":true,"computed":true},"server_busy":{"type":"string","description_kind":"plain","optional":true,"computed":true},"status":{"type":"string","description_kind":"plain","optional":true,"computed":true},"uncompressed_nest_limit":{"type":"number","description_kind":"plain","optional":true,"computed":true},"uncompressed_oversize_limit":{"type":"number","description_kind":"plain","optional":true,"computed":true}},"description_kind":"plain"},"max_items":1}},"description_kind":"plain"}},"fortios_firewall_proxyaddress":{"version":0,"block":{"attributes":{"case_sensitivity":{"type":"string","description_kind":"plain","optional":true,"computed":true},"color":{"type":"number","description_kind":"plain","optional":true,"computed":true},"comment":{"type":"string","description_kind":"plain","optional":true},"header":{"type":"string","description_kind":"plain","optional":true,"computed":true},"header_name":{"type":"string","description_kind":"plain","optional":true,"computed":true},"host":{"type":"string","description_kind":"plain","optional":true,"computed":true},"host_regex":{"type":"string","description_kind":"plain","optional":true,"computed":true},"id":{"type":"string","description_kind":"plain","optional":true,"computed":true},"method":{"type":"string","description_kind":"plain","optional":true,"computed":true},"name":{"type":"string","description_kind":"plain","optional":true,"computed":true},"path":{"type":"string","description_kind":"plain","optional":true,"computed":true},"query":{"type":"string","description_kind":"plain","optional":true,"computed":true},"referrer":{"type":"string","description_kind":"plain","optional":true,"computed":true},"type":{"type":"string","description_kind":"plain","optional":true,"computed":true},"ua":{"type":"string","description_kind":"plain","optional":true,"computed":true},"uuid":{"type":"string","description_kind":"plain","optional":true,"computed":true},"visibility":{"type":"string","description_kind":"plain","optional":true,"computed":true}},"block_types":{"category":{"nesting_mode":"list","block":{"attributes":{"id":{"type":"number","description_kind":"plain","optional":true,"computed":true}},"description_kind":"plain"}},"header_group":{"nesting_mode":"list","block":{"attributes":{"case_sensitivity":{"type":"string","description_kind":"plain","optional":true,"computed":true},"header":{"type":"string","description_kind":"plain","optional":true,"computed":true},"header_name":{"type":"string","description_kind":"plain","optional":true,"computed":true},"id":{"type":"number","description_kind":"plain","optional":true,"computed":true}},"description_kind":"plain"}},"tagging":{"nesting_mode":"list","block":{"attributes":{"category":{"type":"string","description_kind":"plain","optional":true,"computed":true},"name":{"type":"string","description_kind":"plain","optional":true,"computed":true}},"block_types":{"tags":{"nesting_mode":"list","block":{"attributes":{"name":{"type":"string","description_kind":"plain","optional":true,"computed":true}},"description_kind":"plain"}}},"description_kind":"plain"}}},"description_kind":"plain"}},"fortios_firewall_proxyaddrgrp":{"version":0,"block":{"attributes":{"color":{"type":"number","description_kind":"plain","optional":true,"computed":true},"comment":{"type":"string","description_kind":"plain","optional":true},"id":{"type":"string","description_kind":"plain","optional":true,"computed":true},"name":{"type":"string","description_kind":"plain","optional":true,"computed":true},"type":{"type":"string","description_kind":"plain","optional":true,"computed":true},"uuid":{"type":"string","description_kind":"plain","optional":true,"computed":true},"visibility":{"type":"string","description_kind":"plain","optional":true,"computed":true}},"block_types":{"member":{"nesting_mode":"list","block":{"attributes":{"name":{"type":"string","description_kind":"plain","optional":true,"computed":true}},"description_kind":"plain"},"min_items":1},"tagging":{"nesting_mode":"list","block":{"attributes":{"category":{"type":"string","description_kind":"plain","optional":true,"computed":true},"name":{"type":"string","description_kind":"plain","optional":true,"computed":true}},"block_types":{"tags":{"nesting_mode":"list","block":{"attributes":{"name":{"type":"string","description_kind":"plain","optional":true,"computed":true}},"description_kind":"plain"}}},"description_kind":"plain"}}},"description_kind":"plain"}},"fortios_firewall_proxypolicy":{"version":0,"block":{"attributes":{"action":{"type":"string","description_kind":"plain","optional":true,"computed":true},"application_list":{"type":"string","description_kind":"plain","optional":true,"computed":true},"av_profile":{"type":"string","description_kind":"plain","optional":true,"computed":true},"comments":{"type":"string","description_kind":"plain","optional":true},"disclaimer":{"type":"string","description_kind":"plain","optional":true,"computed":true},"dlp_sensor":{"type":"string","description_kind":"plain","optional":true,"computed":true},"dstaddr_negate":{"type":"string","description_kind":"plain","optional":true,"computed":true},"global_label":{"type":"string","description_kind":"plain","optional":true,"computed":true},"http_tunnel_auth":{"type":"string","description_kind":"plain","optional":true,"computed":true},"icap_profile":{"type":"string","description_kind":"plain","optional":true,"computed":true},"id":{"type":"string","description_kind":"plain","optional":true,"computed":true},"internet_service":{"type":"string","description_kind":"plain","optional":true,"computed":true},"internet_service_negate":{"type":"string","description_kind":"plain","optional":true,"computed":true},"ips_sensor":{"type":"string","description_kind":"plain","optional":true,"computed":true},"label":{"type":"string","description_kind":"plain","optional":true,"computed":true},"logtraffic":{"type":"string","description_kind":"plain","optional":true,"computed":true},"logtraffic_start":{"type":"string","description_kind":"plain","optional":true,"computed":true},"policyid":{"type":"number","description_kind":"plain","optional":true,"computed":true},"profile_group":{"type":"string","description_kind":"plain","optional":true,"computed":true},"profile_protocol_options":{"type":"string","description_kind":"plain","optional":true,"computed":true},"profile_type":{"type":"string","description_kind":"plain","optional":true,"computed":true},"proxy":{"type":"string","description_kind":"plain","required":true},"redirect_url":{"type":"string","description_kind":"plain","optional":true},"replacemsg_override_group":{"type":"string","description_kind":"plain","optional":true,"computed":true},"scan_botnet_connections":{"type":"string","description_kind":"plain","optional":true,"computed":true},"schedule":{"type":"string","description_kind":"plain","required":true},"service_negate":{"type":"string","description_kind":"plain","optional":true,"computed":true},"session_ttl":{"type":"number","description_kind":"plain","optional":true,"computed":true},"spamfilter_profile":{"type":"string","description_kind":"plain","optional":true,"computed":true},"srcaddr_negate":{"type":"string","description_kind":"plain","optional":true,"computed":true},"ssh_filter_profile":{"type":"string","description_kind":"plain","optional":true,"computed":true},"ssl_ssh_profile":{"type":"string","description_kind":"plain","optional":true,"computed":true},"status":{"type":"string","description_kind":"plain","optional":true,"computed":true},"transparent":{"type":"string","description_kind":"plain","optional":true,"computed":true},"utm_status":{"type":"string","description_kind":"plain","optional":true,"computed":true},"uuid":{"type":"string","description_kind":"plain","optional":true,"computed":true},"waf_profile":{"type":"string","description_kind":"plain","optional":true,"computed":true},"webcache":{"type":"string","description_kind":"plain","optional":true,"computed":true},"webcache_https":{"type":"string","description_kind":"plain","optional":true,"computed":true},"webfilter_profile":{"type":"string","description_kind":"plain","optional":true,"computed":true},"webproxy_forward_server":{"type":"string","description_kind":"plain","optional":true,"computed":true},"webproxy_profile":{"type":"string","description_kind":"plain","optional":true,"computed":true}},"block_types":{"dstaddr":{"nesting_mode":"list","block":{"attributes":{"name":{"type":"string","description_kind":"plain","optional":true,"computed":true}},"description_kind":"plain"}},"dstaddr6":{"nesting_mode":"list","block":{"attributes":{"name":{"type":"string","description_kind":"plain","optional":true,"computed":true}},"description_kind":"plain"}},"dstintf":{"nesting_mode":"list","block":{"attributes":{"name":{"type":"string","description_kind":"plain","optional":true,"computed":true}},"description_kind":"plain"},"min_items":1},"groups":{"nesting_mode":"list","block":{"attributes":{"name":{"type":"string","description_kind":"plain","optional":true,"computed":true}},"description_kind":"plain"}},"internet_service_custom":{"nesting_mode":"list","block":{"attributes":{"name":{"type":"string","description_kind":"plain","optional":true,"computed":true}},"description_kind":"plain"}},"internet_service_id":{"nesting_mode":"list","block":{"attributes":{"id":{"type":"number","description_kind":"plain","optional":true,"computed":true}},"description_kind":"plain"}},"poolname":{"nesting_mode":"list","block":{"attributes":{"name":{"type":"string","description_kind":"plain","optional":true,"computed":true}},"description_kind":"plain"}},"service":{"nesting_mode":"list","block":{"attributes":{"name":{"type":"string","description_kind":"plain","optional":true,"computed":true}},"description_kind":"plain"}},"srcaddr":{"nesting_mode":"list","block":{"attributes":{"name":{"type":"string","description_kind":"plain","optional":true,"computed":true}},"description_kind":"plain"}},"srcaddr6":{"nesting_mode":"list","block":{"attributes":{"name":{"type":"string","description_kind":"plain","optional":true,"computed":true}},"description_kind":"plain"}},"srcintf":{"nesting_mode":"list","block":{"attributes":{"name":{"type":"string","description_kind":"plain","optional":true,"computed":true}},"description_kind":"plain"}},"users":{"nesting_mode":"list","block":{"attributes":{"name":{"type":"string","description_kind":"plain","optional":true,"computed":true}},"description_kind":"plain"}}},"description_kind":"plain"}},"fortios_firewall_security_policy":{"version":0,"block":{"attributes":{"action":{"type":"string","description_kind":"plain","required":true},"application_list":{"type":"string","description_kind":"plain","optional":true,"computed":true},"av_profile":{"type":"string","description_kind":"plain","optional":true,"computed":true},"capture_packet":{"type":"string","description_kind":"plain","optional":true,"computed":true},"comments":{"type":"string","description_kind":"plain","optional":true},"devices":{"type":["list","string"],"description_kind":"plain","optional":true},"dnsfilter_profile":{"type":"string","description_kind":"plain","optional":true,"computed":true},"dstaddr":{"type":["list","string"],"description_kind":"plain","required":true},"dstintf":{"type":["list","string"],"description_kind":"plain","required":true},"groups":{"type":["list","string"],"description_kind":"plain","optional":true},"id":{"type":"string","description_kind":"plain","optional":true,"computed":true},"internet_service":{"type":"string","description_kind":"plain","optional":true,"computed":true},"internet_service_id":{"type":["list","number"],"description_kind":"plain","optional":true},"internet_service_src":{"type":"string","description_kind":"plain","optional":true,"computed":true},"internet_service_src_id":{"type":["list","number"],"description_kind":"plain","optional":true},"ippool":{"type":"string","description_kind":"plain","optional":true,"computed":true},"ips_sensor":{"type":"string","description_kind":"plain","optional":true,"computed":true},"logtraffic":{"type":"string","description_kind":"plain","optional":true,"computed":true},"logtraffic_start":{"type":"string","description_kind":"plain","optional":true,"computed":true},"name":{"type":"string","description_kind":"plain","required":true},"nat":{"type":"string","description_kind":"plain","optional":true,"computed":true},"poolname":{"type":["list","string"],"description_kind":"plain","optional":true},"profile_protocol_options":{"type":"string","description_kind":"plain","optional":true,"computed":true},"schedule":{"type":"string","description_kind":"plain","required":true},"service":{"type":["list","string"],"description_kind":"plain","required":true},"srcaddr":{"type":["list","string"],"description_kind":"plain","required":true},"srcintf":{"type":["list","string"],"description_kind":"plain","required":true},"ssl_ssh_profile":{"type":"string","description_kind":"plain","optional":true,"computed":true},"status":{"type":"string","description_kind":"plain","optional":true,"computed":true},"users":{"type":["list","string"],"description_kind":"plain","optional":true},"utm_status":{"type":"string","description_kind":"plain","optional":true,"computed":true},"webfilter_profile":{"type":"string","description_kind":"plain","optional":true,"computed":true}},"description_kind":"plain"}},"fortios_firewall_security_policyseq":{"version":0,"block":{"attributes":{"alter_position":{"type":"string","description_kind":"plain","required":true},"comment":{"type":"string","description_kind":"plain","optional":true},"enable_state_checking":{"type":"bool","description_kind":"plain","optional":true},"id":{"type":"string","description_kind":"plain","optional":true,"computed":true},"policy_dst_id":{"type":"number","description_kind":"plain","required":true},"policy_src_id":{"type":"number","description_kind":"plain","required":true},"state_policy_list":{"type":["list",["object",{"action":"string","name":"string","policyid":"string"}]],"description_kind":"plain","computed":true},"state_policy_srcdst_pos":{"type":"string","description_kind":"plain","optional":true}},"description_kind":"plain"}},"fortios_firewall_shapingpolicy":{"version":0,"block":{"attributes":{"class_id":{"type":"number","description_kind":"plain","optional":true,"computed":true},"comment":{"type":"string","description_kind":"plain","optional":true},"diffserv_forward":{"type":"string","description_kind":"plain","optional":true,"computed":true},"diffserv_reverse":{"type":"string","description_kind":"plain","optional":true,"computed":true},"diffservcode_forward":{"type":"string","description_kind":"plain","optional":true,"computed":true},"diffservcode_rev":{"type":"string","description_kind":"plain","optional":true,"computed":true},"fosid":{"type":"number","description_kind":"plain","optional":true,"computed":true},"id":{"type":"string","description_kind":"plain","optional":true,"computed":true},"internet_service":{"type":"string","description_kind":"plain","optional":true,"computed":true},"internet_service_src":{"type":"string","description_kind":"plain","optional":true,"computed":true},"ip_version":{"type":"string","description_kind":"plain","optional":true,"computed":true},"name":{"type":"string","description_kind":"plain","optional":true,"computed":true},"per_ip_shaper":{"type":"string","description_kind":"plain","optional":true,"computed":true},"schedule":{"type":"string","description_kind":"plain","optional":true,"computed":true},"status":{"type":"string","description_kind":"plain","optional":true,"computed":true},"tos":{"type":"string","description_kind":"plain","optional":true,"computed":true},"tos_mask":{"type":"string","description_kind":"plain","optional":true,"computed":true},"tos_negate":{"type":"string","description_kind":"plain","optional":true,"computed":true},"traffic_shaper":{"type":"string","description_kind":"plain","optional":true,"computed":true},"traffic_shaper_reverse":{"type":"string","description_kind":"plain","optional":true,"computed":true}},"block_types":{"app_category":{"nesting_mode":"list","block":{"attributes":{"id":{"type":"number","description_kind":"plain","optional":true,"computed":true}},"description_kind":"plain"}},"app_group":{"nesting_mode":"list","block":{"attributes":{"name":{"type":"string","description_kind":"plain","optional":true,"computed":true}},"description_kind":"plain"}},"application":{"nesting_mode":"list","block":{"attributes":{"id":{"type":"number","description_kind":"plain","optional":true,"computed":true}},"description_kind":"plain"}},"dstaddr":{"nesting_mode":"list","block":{"attributes":{"name":{"type":"string","description_kind":"plain","optional":true,"computed":true}},"description_kind":"plain"},"min_items":1},"dstaddr6":{"nesting_mode":"list","block":{"attributes":{"name":{"type":"string","description_kind":"plain","optional":true,"computed":true}},"description_kind":"plain"}},"dstintf":{"nesting_mode":"list","block":{"attributes":{"name":{"type":"string","description_kind":"plain","optional":true,"computed":true}},"description_kind":"plain"},"min_items":1},"groups":{"nesting_mode":"list","block":{"attributes":{"name":{"type":"string","description_kind":"plain","optional":true,"computed":true}},"description_kind":"plain"}},"internet_service_custom":{"nesting_mode":"list","block":{"attributes":{"name":{"type":"string","description_kind":"plain","optional":true,"computed":true}},"description_kind":"plain"}},"internet_service_custom_group":{"nesting_mode":"list","block":{"attributes":{"name":{"type":"string","description_kind":"plain","optional":true,"computed":true}},"description_kind":"plain"}},"internet_service_group":{"nesting_mode":"list","block":{"attributes":{"name":{"type":"string","description_kind":"plain","optional":true,"computed":true}},"description_kind":"plain"}},"internet_service_id":{"nesting_mode":"list","block":{"attributes":{"id":{"type":"number","description_kind":"plain","optional":true,"computed":true}},"description_kind":"plain"}},"internet_service_src_custom":{"nesting_mode":"list","block":{"attributes":{"name":{"type":"string","description_kind":"plain","optional":true,"computed":true}},"description_kind":"plain"}},"internet_service_src_custom_group":{"nesting_mode":"list","block":{"attributes":{"name":{"type":"string","description_kind":"plain","optional":true,"computed":true}},"description_kind":"plain"}},"internet_service_src_group":{"nesting_mode":"list","block":{"attributes":{"name":{"type":"string","description_kind":"plain","optional":true,"computed":true}},"description_kind":"plain"}},"internet_service_src_id":{"nesting_mode":"list","block":{"attributes":{"id":{"type":"number","description_kind":"plain","optional":true,"computed":true}},"description_kind":"plain"}},"service":{"nesting_mode":"list","block":{"attributes":{"name":{"type":"string","description_kind":"plain","optional":true,"computed":true}},"description_kind":"plain"},"min_items":1},"srcaddr":{"nesting_mode":"list","block":{"attributes":{"name":{"type":"string","description_kind":"plain","optional":true,"computed":true}},"description_kind":"plain"},"min_items":1},"srcaddr6":{"nesting_mode":"list","block":{"attributes":{"name":{"type":"string","description_kind":"plain","optional":true,"computed":true}},"description_kind":"plain"}},"url_category":{"nesting_mode":"list","block":{"attributes":{"id":{"type":"number","description_kind":"plain","optional":true,"computed":true}},"description_kind":"plain"}},"users":{"nesting_mode":"list","block":{"attributes":{"name":{"type":"string","description_kind":"plain","optional":true,"computed":true}},"description_kind":"plain"}}},"description_kind":"plain"}},"fortios_firewall_shapingprofile":{"version":0,"block":{"attributes":{"comment":{"type":"string","description_kind":"plain","optional":true},"default_class_id":{"type":"number","description_kind":"plain","required":true},"id":{"type":"string","description_kind":"plain","optional":true,"computed":true},"profile_name":{"type":"string","description_kind":"plain","required":true}},"block_types":{"shaping_entries":{"nesting_mode":"list","block":{"attributes":{"class_id":{"type":"number","description_kind":"plain","optional":true,"computed":true},"guaranteed_bandwidth_percentage":{"type":"number","description_kind":"plain","optional":true,"computed":true},"id":{"type":"number","description_kind":"plain","optional":true,"computed":true},"maximum_bandwidth_percentage":{"type":"number","description_kind":"plain","optional":true,"computed":true},"priority":{"type":"string","description_kind":"plain","optional":true,"computed":true}},"description_kind":"plain"}}},"description_kind":"plain"}},"fortios_firewall_sniffer":{"version":0,"block":{"attributes":{"application_list":{"type":"string","description_kind":"plain","optional":true,"computed":true},"application_list_status":{"type":"string","description_kind":"plain","optional":true,"computed":true},"av_profile":{"type":"string","description_kind":"plain","optional":true,"computed":true},"av_profile_status":{"type":"string","description_kind":"plain","optional":true,"computed":true},"dlp_sensor":{"type":"string","description_kind":"plain","optional":true,"computed":true},"dlp_sensor_status":{"type":"string","description_kind":"plain","optional":true,"computed":true},"dsri":{"type":"string","description_kind":"plain","optional":true,"computed":true},"fosid":{"type":"number","description_kind":"plain","optional":true,"computed":true},"host":{"type":"string","description_kind":"plain","optional":true,"computed":true},"id":{"type":"string","description_kind":"plain","optional":true,"computed":true},"interface":{"type":"string","description_kind":"plain","required":true},"ips_dos_status":{"type":"string","description_kind":"plain","optional":true,"computed":true},"ips_sensor":{"type":"string","description_kind":"plain","optional":true,"computed":true},"ips_sensor_status":{"type":"string","description_kind":"plain","optional":true,"computed":true},"ipv6":{"type":"string","description_kind":"plain","optional":true,"computed":true},"logtraffic":{"type":"string","description_kind":"plain","optional":true,"computed":true},"max_packet_count":{"type":"number","description_kind":"plain","optional":true,"computed":true},"non_ip":{"type":"string","description_kind":"plain","optional":true,"computed":true},"port":{"type":"string","description_kind":"plain","optional":true,"computed":true},"protocol":{"type":"string","description_kind":"plain","optional":true,"computed":true},"scan_botnet_connections":{"type":"string","description_kind":"plain","optional":true,"computed":true},"spamfilter_profile":{"type":"string","description_kind":"plain","optional":true,"computed":true},"spamfilter_profile_status":{"type":"string","description_kind":"plain","optional":true,"computed":true},"status":{"type":"string","description_kind":"plain","optional":true,"computed":true},"vlan":{"type":"string","description_kind":"plain","optional":true,"computed":true},"webfilter_profile":{"type":"string","description_kind":"plain","optional":true,"computed":true},"webfilter_profile_status":{"type":"string","description_kind":"plain","optional":true,"computed":true}},"block_types":{"anomaly":{"nesting_mode":"list","block":{"attributes":{"action":{"type":"string","description_kind":"plain","optional":true,"computed":true},"log":{"type":"string","description_kind":"plain","optional":true,"computed":true},"name":{"type":"string","description_kind":"plain","optional":true,"computed":true},"quarantine":{"type":"string","description_kind":"plain","optional":true,"computed":true},"quarantine_expiry":{"type":"string","description_kind":"plain","optional":true,"computed":true},"quarantine_log":{"type":"string","description_kind":"plain","optional":true,"computed":true},"status":{"type":"string","description_kind":"plain","optional":true,"computed":true},"threshold":{"type":"number","description_kind":"plain","optional":true,"computed":true},"thresholddefault":{"type":"number","description_kind":"plain","optional":true,"computed":true}},"description_kind":"plain"}}},"description_kind":"plain"}},"fortios_firewall_sslserver":{"version":0,"block":{"attributes":{"add_header_x_forwarded_proto":{"type":"string","description_kind":"plain","optional":true,"computed":true},"id":{"type":"string","description_kind":"plain","optional":true,"computed":true},"ip":{"type":"string","description_kind":"plain","required":true},"mapped_port":{"type":"number","description_kind":"plain","optional":true,"computed":true},"name":{"type":"string","description_kind":"plain","optional":true,"computed":true},"port":{"type":"number","description_kind":"plain","required":true},"ssl_algorithm":{"type":"string","description_kind":"plain","optional":true,"computed":true},"ssl_cert":{"type":"string","description_kind":"plain","required":true},"ssl_client_renegotiation":{"type":"string","description_kind":"plain","optional":true,"computed":true},"ssl_dh_bits":{"type":"string","description_kind":"plain","optional":true,"computed":true},"ssl_max_version":{"type":"string","description_kind":"plain","optional":true,"computed":true},"ssl_min_version":{"type":"string","description_kind":"plain","optional":true,"computed":true},"ssl_mode":{"type":"string","description_kind":"plain","optional":true,"computed":true},"ssl_send_empty_frags":{"type":"string","description_kind":"plain","optional":true,"computed":true},"url_rewrite":{"type":"string","description_kind":"plain","optional":true,"computed":true}},"description_kind":"plain"}},"fortios_firewall_sslsshprofile":{"version":0,"block":{"attributes":{"caname":{"type":"string","description_kind":"plain","optional":true,"computed":true},"comment":{"type":"string","description_kind":"plain","optional":true},"id":{"type":"string","description_kind":"plain","optional":true,"computed":true},"mapi_over_https":{"type":"string","description_kind":"plain","optional":true,"computed":true},"name":{"type":"string","description_kind":"plain","required":true},"rpc_over_https":{"type":"string","description_kind":"plain","optional":true,"computed":true},"server_cert":{"type":"string","description_kind":"plain","optional":true,"computed":true},"server_cert_mode":{"type":"string","description_kind":"plain","optional":true,"computed":true},"ssl_anomalies_log":{"type":"string","description_kind":"plain","optional":true,"computed":true},"ssl_exemptions_log":{"type":"string","description_kind":"plain","optional":true,"computed":true},"untrusted_caname":{"type":"string","description_kind":"plain","optional":true,"computed":true},"use_ssl_server":{"type":"string","description_kind":"plain","optional":true,"computed":true},"whitelist":{"type":"string","description_kind":"plain","optional":true,"computed":true}},"block_types":{"ftps":{"nesting_mode":"list","block":{"attributes":{"client_cert_request":{"type":"string","description_kind":"plain","optional":true,"computed":true},"invalid_server_cert":{"type":"string","description_kind":"plain","optional":true,"computed":true},"ports":{"type":"number","description_kind":"plain","optional":true,"computed":true},"sni_server_cert_check":{"type":"string","description_kind":"plain","optional":true,"computed":true},"status":{"type":"string","description_kind":"plain","optional":true,"computed":true},"unsupported_ssl":{"type":"string","description_kind":"plain","optional":true,"computed":true},"untrusted_server_cert":{"type":"string","description_kind":"plain","optional":true,"computed":true}},"description_kind":"plain"},"max_items":1},"https":{"nesting_mode":"list","block":{"attributes":{"client_cert_request":{"type":"string","description_kind":"plain","optional":true,"computed":true},"invalid_server_cert":{"type":"string","description_kind":"plain","optional":true,"computed":true},"ports":{"type":"number","description_kind":"plain","optional":true,"computed":true},"sni_server_cert_check":{"type":"string","description_kind":"plain","optional":true,"computed":true},"status":{"type":"string","description_kind":"plain","optional":true,"computed":true},"unsupported_ssl":{"type":"string","description_kind":"plain","optional":true,"computed":true},"untrusted_server_cert":{"type":"string","description_kind":"plain","optional":true,"computed":true}},"description_kind":"plain"},"max_items":1},"imaps":{"nesting_mode":"list","block":{"attributes":{"client_cert_request":{"type":"string","description_kind":"plain","optional":true,"computed":true},"invalid_server_cert":{"type":"string","description_kind":"plain","optional":true,"computed":true},"ports":{"type":"number","description_kind":"plain","optional":true,"computed":true},"sni_server_cert_check":{"type":"string","description_kind":"plain","optional":true,"computed":true},"status":{"type":"string","description_kind":"plain","optional":true,"computed":true},"unsupported_ssl":{"type":"string","description_kind":"plain","optional":true,"computed":true},"untrusted_server_cert":{"type":"string","description_kind":"plain","optional":true,"computed":true}},"description_kind":"plain"},"max_items":1},"pop3s":{"nesting_mode":"list","block":{"attributes":{"client_cert_request":{"type":"string","description_kind":"plain","optional":true,"computed":true},"invalid_server_cert":{"type":"string","description_kind":"plain","optional":true,"computed":true},"ports":{"type":"number","description_kind":"plain","optional":true,"computed":true},"sni_server_cert_check":{"type":"string","description_kind":"plain","optional":true,"computed":true},"status":{"type":"string","description_kind":"plain","optional":true,"computed":true},"unsupported_ssl":{"type":"string","description_kind":"plain","optional":true,"computed":true},"untrusted_server_cert":{"type":"string","description_kind":"plain","optional":true,"computed":true}},"description_kind":"plain"},"max_items":1},"smtps":{"nesting_mode":"list","block":{"attributes":{"client_cert_request":{"type":"string","description_kind":"plain","optional":true,"computed":true},"invalid_server_cert":{"type":"string","description_kind":"plain","optional":true,"computed":true},"ports":{"type":"number","description_kind":"plain","optional":true,"computed":true},"sni_server_cert_check":{"type":"string","description_kind":"plain","optional":true,"computed":true},"status":{"type":"string","description_kind":"plain","optional":true,"computed":true},"unsupported_ssl":{"type":"string","description_kind":"plain","optional":true,"computed":true},"untrusted_server_cert":{"type":"string","description_kind":"plain","optional":true,"computed":true}},"description_kind":"plain"},"max_items":1},"ssh":{"nesting_mode":"list","block":{"attributes":{"inspect_all":{"type":"string","description_kind":"plain","optional":true,"computed":true},"ports":{"type":"number","description_kind":"plain","optional":true,"computed":true},"ssh_algorithm":{"type":"string","description_kind":"plain","optional":true,"computed":true},"ssh_policy_check":{"type":"string","description_kind":"plain","optional":true,"computed":true},"ssh_tun_policy_check":{"type":"string","description_kind":"plain","optional":true,"computed":true},"status":{"type":"string","description_kind":"plain","optional":true,"computed":true},"unsupported_version":{"type":"string","description_kind":"plain","optional":true,"computed":true}},"description_kind":"plain"},"max_items":1},"ssl":{"nesting_mode":"list","block":{"attributes":{"client_cert_request":{"type":"string","description_kind":"plain","optional":true,"computed":true},"inspect_all":{"type":"string","description_kind":"plain","optional":true,"computed":true},"invalid_server_cert":{"type":"string","description_kind":"plain","optional":true,"computed":true},"sni_server_cert_check":{"type":"string","description_kind":"plain","optional":true,"computed":true},"unsupported_ssl":{"type":"string","description_kind":"plain","optional":true,"computed":true},"untrusted_server_cert":{"type":"string","description_kind":"plain","optional":true,"computed":true}},"description_kind":"plain"},"max_items":1},"ssl_exempt":{"nesting_mode":"list","block":{"attributes":{"address":{"type":"string","description_kind":"plain","optional":true,"computed":true},"address6":{"type":"string","description_kind":"plain","optional":true,"computed":true},"fortiguard_category":{"type":"number","description_kind":"plain","optional":true,"computed":true},"id":{"type":"number","description_kind":"plain","optional":true,"computed":true},"regex":{"type":"string","description_kind":"plain","optional":true,"computed":true},"type":{"type":"string","description_kind":"plain","optional":true,"computed":true},"wildcard_fqdn":{"type":"string","description_kind":"plain","optional":true,"computed":true}},"description_kind":"plain"}},"ssl_server":{"nesting_mode":"list","block":{"attributes":{"ftps_client_cert_request":{"type":"string","description_kind":"plain","optional":true,"computed":true},"https_client_cert_request":{"type":"string","description_kind":"plain","optional":true,"computed":true},"id":{"type":"number","description_kind":"plain","optional":true,"computed":true},"imaps_client_cert_request":{"type":"string","description_kind":"plain","optional":true,"computed":true},"ip":{"type":"string","description_kind":"plain","optional":true,"computed":true},"pop3s_client_cert_request":{"type":"string","description_kind":"plain","optional":true,"computed":true},"smtps_client_cert_request":{"type":"string","description_kind":"plain","optional":true,"computed":true},"ssl_other_client_cert_request":{"type":"string","description_kind":"plain","optional":true,"computed":true}},"description_kind":"plain"}}},"description_kind":"plain"}},"fortios_firewall_ttlpolicy":{"version":0,"block":{"attributes":{"action":{"type":"string","description_kind":"plain","optional":true,"computed":true},"fosid":{"type":"number","description_kind":"plain","required":true},"id":{"type":"string","description_kind":"plain","optional":true,"computed":true},"schedule":{"type":"string","description_kind":"plain","required":true},"srcintf":{"type":"string","description_kind":"plain","required":true},"status":{"type":"string","description_kind":"plain","optional":true,"computed":true},"ttl":{"type":"string","description_kind":"plain","required":true}},"block_types":{"service":{"nesting_mode":"list","block":{"attributes":{"name":{"type":"string","description_kind":"plain","optional":true,"computed":true}},"description_kind":"plain"},"min_items":1},"srcaddr":{"nesting_mode":"list","block":{"attributes":{"name":{"type":"string","description_kind":"plain","optional":true,"computed":true}},"description_kind":"plain"},"min_items":1}},"description_kind":"plain"}},"fortios_firewall_vip":{"version":0,"block":{"attributes":{"arp_reply":{"type":"string","description_kind":"plain","optional":true,"computed":true},"color":{"type":"number","description_kind":"plain","optional":true,"computed":true},"comment":{"type":"string","description_kind":"plain","optional":true},"dns_mapping_ttl":{"type":"number","description_kind":"plain","optional":true,"computed":true},"extintf":{"type":"string","description_kind":"plain","optional":true,"computed":true},"extip":{"type":"string","description_kind":"plain","optional":true,"computed":true},"extport":{"type":"string","description_kind":"plain","optional":true,"computed":true},"fosid":{"type":"number","description_kind":"plain","optional":true,"computed":true},"gratuitous_arp_interval":{"type":"number","description_kind":"plain","optional":true,"computed":true},"http_cookie_age":{"type":"number","description_kind":"plain","optional":true,"computed":true},"http_cookie_domain":{"type":"string","description_kind":"plain","optional":true,"computed":true},"http_cookie_domain_from_host":{"type":"string","description_kind":"plain","optional":true,"computed":true},"http_cookie_generation":{"type":"number","description_kind":"plain","optional":true,"computed":true},"http_cookie_path":{"type":"string","description_kind":"plain","optional":true,"computed":true},"http_cookie_share":{"type":"string","description_kind":"plain","optional":true,"computed":true},"http_ip_header":{"type":"string","description_kind":"plain","optional":true,"computed":true},"http_ip_header_name":{"type":"string","description_kind":"plain","optional":true,"computed":true},"http_multiplex":{"type":"string","description_kind":"plain","optional":true,"computed":true},"https_cookie_secure":{"type":"string","description_kind":"plain","optional":true,"computed":true},"id":{"type":"string","description_kind":"plain","optional":true,"computed":true},"ldb_method":{"type":"string","description_kind":"plain","optional":true,"computed":true},"mapped_addr":{"type":"string","description_kind":"plain","optional":true,"computed":true},"mappedport":{"type":"string","description_kind":"plain","optional":true,"computed":true},"max_embryonic_connections":{"type":"number","description_kind":"plain","optional":true,"computed":true},"name":{"type":"string","description_kind":"plain","optional":true,"computed":true},"nat_source_vip":{"type":"string","description_kind":"plain","optional":true,"computed":true},"outlook_web_access":{"type":"string","description_kind":"plain","optional":true,"computed":true},"persistence":{"type":"string","description_kind":"plain","optional":true,"computed":true},"portforward":{"type":"string","description_kind":"plain","optional":true,"computed":true},"portmapping_type":{"type":"string","description_kind":"plain","optional":true,"computed":true},"protocol":{"type":"string","description_kind":"plain","optional":true,"computed":true},"server_type":{"type":"string","description_kind":"plain","optional":true,"computed":true},"ssl_algorithm":{"type":"string","description_kind":"plain","optional":true,"computed":true},"ssl_certificate":{"type":"string","description_kind":"plain","optional":true,"computed":true},"ssl_client_fallback":{"type":"string","description_kind":"plain","optional":true,"computed":true},"ssl_client_renegotiation":{"type":"string","description_kind":"plain","optional":true,"computed":true},"ssl_client_session_state_max":{"type":"number","description_kind":"plain","optional":true,"computed":true},"ssl_client_session_state_timeout":{"type":"number","description_kind":"plain","optional":true,"computed":true},"ssl_client_session_state_type":{"type":"string","description_kind":"plain","optional":true,"computed":true},"ssl_dh_bits":{"type":"string","description_kind":"plain","optional":true,"computed":true},"ssl_hpkp":{"type":"string","description_kind":"plain","optional":true,"computed":true},"ssl_hpkp_age":{"type":"number","description_kind":"plain","optional":true,"computed":true},"ssl_hpkp_backup":{"type":"string","description_kind":"plain","optional":true,"computed":true},"ssl_hpkp_include_subdomains":{"type":"string","description_kind":"plain","optional":true,"computed":true},"ssl_hpkp_primary":{"type":"string","description_kind":"plain","optional":true,"computed":true},"ssl_hpkp_report_uri":{"type":"string","description_kind":"plain","optional":true},"ssl_hsts":{"type":"string","description_kind":"plain","optional":true,"computed":true},"ssl_hsts_age":{"type":"number","description_kind":"plain","optional":true,"computed":true},"ssl_hsts_include_subdomains":{"type":"string","description_kind":"plain","optional":true,"computed":true},"ssl_http_location_conversion":{"type":"string","description_kind":"plain","optional":true,"computed":true},"ssl_http_match_host":{"type":"string","description_kind":"plain","optional":true,"computed":true},"ssl_max_version":{"type":"string","description_kind":"plain","optional":true,"computed":true},"ssl_min_version":{"type":"string","description_kind":"plain","optional":true,"computed":true},"ssl_mode":{"type":"string","description_kind":"plain","optional":true,"computed":true},"ssl_pfs":{"type":"string","description_kind":"plain","optional":true,"computed":true},"ssl_send_empty_frags":{"type":"string","description_kind":"plain","optional":true,"computed":true},"ssl_server_algorithm":{"type":"string","description_kind":"plain","optional":true,"computed":true},"ssl_server_max_version":{"type":"string","description_kind":"plain","optional":true,"computed":true},"ssl_server_min_version":{"type":"string","description_kind":"plain","optional":true,"computed":true},"ssl_server_session_state_max":{"type":"number","description_kind":"plain","optional":true,"computed":true},"ssl_server_session_state_timeout":{"type":"number","description_kind":"plain","optional":true,"computed":true},"ssl_server_session_state_type":{"type":"string","description_kind":"plain","optional":true,"computed":true},"type":{"type":"string","description_kind":"plain","optional":true,"computed":true},"uuid":{"type":"string","description_kind":"plain","optional":true,"computed":true},"weblogic_server":{"type":"string","description_kind":"plain","optional":true,"computed":true},"websphere_server":{"type":"string","description_kind":"plain","optional":true,"computed":true}},"block_types":{"extaddr":{"nesting_mode":"list","block":{"attributes":{"name":{"type":"string","description_kind":"plain","optional":true,"computed":true}},"description_kind":"plain"}},"mappedip":{"nesting_mode":"list","block":{"attributes":{"range":{"type":"string","description_kind":"plain","optional":true,"computed":true}},"description_kind":"plain"}},"monitor":{"nesting_mode":"list","block":{"attributes":{"name":{"type":"string","description_kind":"plain","optional":true,"computed":true}},"description_kind":"plain"}},"realservers":{"nesting_mode":"list","block":{"attributes":{"client_ip":{"type":"string","description_kind":"plain","optional":true,"computed":true},"healthcheck":{"type":"string","description_kind":"plain","optional":true,"computed":true},"holddown_interval":{"type":"number","description_kind":"plain","optional":true,"computed":true},"http_host":{"type":"string","description_kind":"plain","optional":true,"computed":true},"id":{"type":"number","description_kind":"plain","optional":true,"computed":true},"ip":{"type":"string","description_kind":"plain","optional":true,"computed":true},"max_connections":{"type":"number","description_kind":"plain","optional":true,"computed":true},"monitor":{"type":"string","description_kind":"plain","optional":true,"computed":true},"port":{"type":"number","description_kind":"plain","optional":true,"computed":true},"status":{"type":"string","description_kind":"plain","optional":true,"computed":true},"weight":{"type":"number","description_kind":"plain","optional":true,"computed":true}},"description_kind":"plain"}},"service":{"nesting_mode":"list","block":{"attributes":{"name":{"type":"string","description_kind":"plain","optional":true,"computed":true}},"description_kind":"plain"}},"src_filter":{"nesting_mode":"list","block":{"attributes":{"range":{"type":"string","description_kind":"plain","optional":true,"computed":true}},"description_kind":"plain"}},"srcintf_filter":{"nesting_mode":"list","block":{"attributes":{"interface_name":{"type":"string","description_kind":"plain","optional":true,"computed":true}},"description_kind":"plain"}},"ssl_cipher_suites":{"nesting_mode":"list","block":{"attributes":{"cipher":{"type":"string","description_kind":"plain","optional":true,"computed":true},"priority":{"type":"number","description_kind":"plain","optional":true,"computed":true},"versions":{"type":"string","description_kind":"plain","optional":true,"computed":true}},"description_kind":"plain"}},"ssl_server_cipher_suites":{"nesting_mode":"list","block":{"attributes":{"cipher":{"type":"string","description_kind":"plain","optional":true,"computed":true},"priority":{"type":"number","description_kind":"plain","optional":true,"computed":true},"versions":{"type":"string","description_kind":"plain","optional":true,"computed":true}},"description_kind":"plain"}}},"description_kind":"plain"}},"fortios_firewall_vip46":{"version":0,"block":{"attributes":{"arp_reply":{"type":"string","description_kind":"plain","optional":true,"computed":true},"color":{"type":"number","description_kind":"plain","optional":true,"computed":true},"comment":{"type":"string","description_kind":"plain","optional":true},"extip":{"type":"string","description_kind":"plain","required":true},"extport":{"type":"string","description_kind":"plain","optional":true,"computed":true},"fosid":{"type":"number","description_kind":"plain","optional":true,"computed":true},"id":{"type":"string","description_kind":"plain","optional":true,"computed":true},"ldb_method":{"type":"string","description_kind":"plain","optional":true,"computed":true},"mappedip":{"type":"string","description_kind":"plain","required":true},"mappedport":{"type":"string","description_kind":"plain","optional":true,"computed":true},"name":{"type":"string","description_kind":"plain","optional":true,"computed":true},"portforward":{"type":"string","description_kind":"plain","optional":true,"computed":true},"protocol":{"type":"string","description_kind":"plain","optional":true,"computed":true},"server_type":{"type":"string","description_kind":"plain","optional":true,"computed":true},"type":{"type":"string","description_kind":"plain","optional":true,"computed":true},"uuid":{"type":"string","description_kind":"plain","optional":true,"computed":true}},"block_types":{"monitor":{"nesting_mode":"list","block":{"attributes":{"name":{"type":"string","description_kind":"plain","optional":true,"computed":true}},"description_kind":"plain"}},"realservers":{"nesting_mode":"list","block":{"attributes":{"client_ip":{"type":"string","description_kind":"plain","optional":true,"computed":true},"healthcheck":{"type":"string","description_kind":"plain","optional":true,"computed":true},"holddown_interval":{"type":"number","description_kind":"plain","optional":true,"computed":true},"id":{"type":"number","description_kind":"plain","optional":true,"computed":true},"ip":{"type":"string","description_kind":"plain","optional":true,"computed":true},"max_connections":{"type":"number","description_kind":"plain","optional":true,"computed":true},"monitor":{"type":"string","description_kind":"plain","optional":true,"computed":true},"port":{"type":"number","description_kind":"plain","optional":true,"computed":true},"status":{"type":"string","description_kind":"plain","optional":true,"computed":true},"weight":{"type":"number","description_kind":"plain","optional":true,"computed":true}},"description_kind":"plain"}},"src_filter":{"nesting_mode":"list","block":{"attributes":{"range":{"type":"string","description_kind":"plain","optional":true,"computed":true}},"description_kind":"plain"}}},"description_kind":"plain"}},"fortios_firewall_vip6":{"version":0,"block":{"attributes":{"arp_reply":{"type":"string","description_kind":"plain","optional":true,"computed":true},"color":{"type":"number","description_kind":"plain","optional":true,"computed":true},"comment":{"type":"string","description_kind":"plain","optional":true},"extip":{"type":"string","description_kind":"plain","required":true},"extport":{"type":"string","description_kind":"plain","optional":true,"computed":true},"fosid":{"type":"number","description_kind":"plain","optional":true,"computed":true},"http_cookie_age":{"type":"number","description_kind":"plain","optional":true,"computed":true},"http_cookie_domain":{"type":"string","description_kind":"plain","optional":true,"computed":true},"http_cookie_domain_from_host":{"type":"string","description_kind":"plain","optional":true,"computed":true},"http_cookie_generation":{"type":"number","description_kind":"plain","optional":true,"computed":true},"http_cookie_path":{"type":"string","description_kind":"plain","optional":true,"computed":true},"http_cookie_share":{"type":"string","description_kind":"plain","optional":true,"computed":true},"http_ip_header":{"type":"string","description_kind":"plain","optional":true,"computed":true},"http_ip_header_name":{"type":"string","description_kind":"plain","optional":true,"computed":true},"http_multiplex":{"type":"string","description_kind":"plain","optional":true,"computed":true},"https_cookie_secure":{"type":"string","description_kind":"plain","optional":true,"computed":true},"id":{"type":"string","description_kind":"plain","optional":true,"computed":true},"ldb_method":{"type":"string","description_kind":"plain","optional":true,"computed":true},"mappedip":{"type":"string","description_kind":"plain","required":true},"mappedport":{"type":"string","description_kind":"plain","optional":true,"computed":true},"max_embryonic_connections":{"type":"number","description_kind":"plain","optional":true,"computed":true},"name":{"type":"string","description_kind":"plain","optional":true,"computed":true},"outlook_web_access":{"type":"string","description_kind":"plain","optional":true,"computed":true},"persistence":{"type":"string","description_kind":"plain","optional":true,"computed":true},"portforward":{"type":"string","description_kind":"plain","optional":true,"computed":true},"protocol":{"type":"string","description_kind":"plain","optional":true,"computed":true},"server_type":{"type":"string","description_kind":"plain","optional":true,"computed":true},"ssl_algorithm":{"type":"string","description_kind":"plain","optional":true,"computed":true},"ssl_certificate":{"type":"string","description_kind":"plain","optional":true,"computed":true},"ssl_client_fallback":{"type":"string","description_kind":"plain","optional":true,"computed":true},"ssl_client_renegotiation":{"type":"string","description_kind":"plain","optional":true,"computed":true},"ssl_client_session_state_max":{"type":"number","description_kind":"plain","optional":true,"computed":true},"ssl_client_session_state_timeout":{"type":"number","description_kind":"plain","optional":true,"computed":true},"ssl_client_session_state_type":{"type":"string","description_kind":"plain","optional":true,"computed":true},"ssl_dh_bits":{"type":"string","description_kind":"plain","optional":true,"computed":true},"ssl_hpkp":{"type":"string","description_kind":"plain","optional":true,"computed":true},"ssl_hpkp_age":{"type":"number","description_kind":"plain","optional":true,"computed":true},"ssl_hpkp_backup":{"type":"string","description_kind":"plain","optional":true,"computed":true},"ssl_hpkp_include_subdomains":{"type":"string","description_kind":"plain","optional":true,"computed":true},"ssl_hpkp_primary":{"type":"string","description_kind":"plain","optional":true,"computed":true},"ssl_hpkp_report_uri":{"type":"string","description_kind":"plain","optional":true},"ssl_hsts":{"type":"string","description_kind":"plain","optional":true,"computed":true},"ssl_hsts_age":{"type":"number","description_kind":"plain","optional":true,"computed":true},"ssl_hsts_include_subdomains":{"type":"string","description_kind":"plain","optional":true,"computed":true},"ssl_http_location_conversion":{"type":"string","description_kind":"plain","optional":true,"computed":true},"ssl_http_match_host":{"type":"string","description_kind":"plain","optional":true,"computed":true},"ssl_max_version":{"type":"string","description_kind":"plain","optional":true,"computed":true},"ssl_min_version":{"type":"string","description_kind":"plain","optional":true,"computed":true},"ssl_mode":{"type":"string","description_kind":"plain","optional":true,"computed":true},"ssl_pfs":{"type":"string","description_kind":"plain","optional":true,"computed":true},"ssl_send_empty_frags":{"type":"string","description_kind":"plain","optional":true,"computed":true},"ssl_server_algorithm":{"type":"string","description_kind":"plain","optional":true,"computed":true},"ssl_server_max_version":{"type":"string","description_kind":"plain","optional":true,"computed":true},"ssl_server_min_version":{"type":"string","description_kind":"plain","optional":true,"computed":true},"ssl_server_session_state_max":{"type":"number","description_kind":"plain","optional":true,"computed":true},"ssl_server_session_state_timeout":{"type":"number","description_kind":"plain","optional":true,"computed":true},"ssl_server_session_state_type":{"type":"string","description_kind":"plain","optional":true,"computed":true},"type":{"type":"string","description_kind":"plain","optional":true,"computed":true},"uuid":{"type":"string","description_kind":"plain","optional":true,"computed":true},"weblogic_server":{"type":"string","description_kind":"plain","optional":true,"computed":true},"websphere_server":{"type":"string","description_kind":"plain","optional":true,"computed":true}},"block_types":{"monitor":{"nesting_mode":"list","block":{"attributes":{"name":{"type":"string","description_kind":"plain","optional":true,"computed":true}},"description_kind":"plain"}},"realservers":{"nesting_mode":"list","block":{"attributes":{"client_ip":{"type":"string","description_kind":"plain","optional":true,"computed":true},"healthcheck":{"type":"string","description_kind":"plain","optional":true,"computed":true},"holddown_interval":{"type":"number","description_kind":"plain","optional":true,"computed":true},"http_host":{"type":"string","description_kind":"plain","optional":true,"computed":true},"id":{"type":"number","description_kind":"plain","optional":true,"computed":true},"ip":{"type":"string","description_kind":"plain","optional":true,"computed":true},"max_connections":{"type":"number","description_kind":"plain","optional":true,"computed":true},"monitor":{"type":"string","description_kind":"plain","optional":true,"computed":true},"port":{"type":"number","description_kind":"plain","optional":true,"computed":true},"status":{"type":"string","description_kind":"plain","optional":true,"computed":true},"weight":{"type":"number","description_kind":"plain","optional":true,"computed":true}},"description_kind":"plain"}},"src_filter":{"nesting_mode":"list","block":{"attributes":{"range":{"type":"string","description_kind":"plain","optional":true,"computed":true}},"description_kind":"plain"}},"ssl_cipher_suites":{"nesting_mode":"list","block":{"attributes":{"cipher":{"type":"string","description_kind":"plain","optional":true,"computed":true},"priority":{"type":"number","description_kind":"plain","optional":true,"computed":true},"versions":{"type":"string","description_kind":"plain","optional":true,"computed":true}},"description_kind":"plain"}},"ssl_server_cipher_suites":{"nesting_mode":"list","block":{"attributes":{"cipher":{"type":"string","description_kind":"plain","optional":true,"computed":true},"priority":{"type":"number","description_kind":"plain","optional":true,"computed":true},"versions":{"type":"string","description_kind":"plain","optional":true,"computed":true}},"description_kind":"plain"}}},"description_kind":"plain"}},"fortios_firewall_vip64":{"version":0,"block":{"attributes":{"arp_reply":{"type":"string","description_kind":"plain","optional":true,"computed":true},"color":{"type":"number","description_kind":"plain","optional":true,"computed":true},"comment":{"type":"string","description_kind":"plain","optional":true},"extip":{"type":"string","description_kind":"plain","required":true},"extport":{"type":"string","description_kind":"plain","optional":true,"computed":true},"fosid":{"type":"number","description_kind":"plain","optional":true,"computed":true},"id":{"type":"string","description_kind":"plain","optional":true,"computed":true},"ldb_method":{"type":"string","description_kind":"plain","optional":true,"computed":true},"mappedip":{"type":"string","description_kind":"plain","required":true},"mappedport":{"type":"string","description_kind":"plain","optional":true,"computed":true},"name":{"type":"string","description_kind":"plain","optional":true,"computed":true},"portforward":{"type":"string","description_kind":"plain","optional":true,"computed":true},"protocol":{"type":"string","description_kind":"plain","optional":true,"computed":true},"server_type":{"type":"string","description_kind":"plain","optional":true,"computed":true},"type":{"type":"string","description_kind":"plain","optional":true,"computed":true},"uuid":{"type":"string","description_kind":"plain","optional":true,"computed":true}},"block_types":{"monitor":{"nesting_mode":"list","block":{"attributes":{"name":{"type":"string","description_kind":"plain","optional":true,"computed":true}},"description_kind":"plain"}},"realservers":{"nesting_mode":"list","block":{"attributes":{"client_ip":{"type":"string","description_kind":"plain","optional":true,"computed":true},"healthcheck":{"type":"string","description_kind":"plain","optional":true,"computed":true},"holddown_interval":{"type":"number","description_kind":"plain","optional":true,"computed":true},"id":{"type":"number","description_kind":"plain","optional":true,"computed":true},"ip":{"type":"string","description_kind":"plain","optional":true,"computed":true},"max_connections":{"type":"number","description_kind":"plain","optional":true,"computed":true},"monitor":{"type":"string","description_kind":"plain","optional":true,"computed":true},"port":{"type":"number","description_kind":"plain","optional":true,"computed":true},"status":{"type":"string","description_kind":"plain","optional":true,"computed":true},"weight":{"type":"number","description_kind":"plain","optional":true,"computed":true}},"description_kind":"plain"}},"src_filter":{"nesting_mode":"list","block":{"attributes":{"range":{"type":"string","description_kind":"plain","optional":true,"computed":true}},"description_kind":"plain"}}},"description_kind":"plain"}},"fortios_firewall_vipgrp":{"version":0,"block":{"attributes":{"color":{"type":"number","description_kind":"plain","optional":true,"computed":true},"comments":{"type":"string","description_kind":"plain","optional":true},"id":{"type":"string","description_kind":"plain","optional":true,"computed":true},"interface":{"type":"string","description_kind":"plain","required":true},"name":{"type":"string","description_kind":"plain","optional":true,"computed":true},"uuid":{"type":"string","description_kind":"plain","optional":true,"computed":true}},"block_types":{"member":{"nesting_mode":"list","block":{"attributes":{"name":{"type":"string","description_kind":"plain","optional":true,"computed":true}},"description_kind":"plain"},"min_items":1}},"description_kind":"plain"}},"fortios_firewall_vipgrp46":{"version":0,"block":{"attributes":{"color":{"type":"number","description_kind":"plain","optional":true,"computed":true},"comments":{"type":"string","description_kind":"plain","optional":true},"id":{"type":"string","description_kind":"plain","optional":true,"computed":true},"name":{"type":"string","description_kind":"plain","optional":true,"computed":true},"uuid":{"type":"string","description_kind":"plain","optional":true,"computed":true}},"block_types":{"member":{"nesting_mode":"list","block":{"attributes":{"name":{"type":"string","description_kind":"plain","optional":true,"computed":true}},"description_kind":"plain"},"min_items":1}},"description_kind":"plain"}},"fortios_firewall_vipgrp6":{"version":0,"block":{"attributes":{"color":{"type":"number","description_kind":"plain","optional":true,"computed":true},"comments":{"type":"string","description_kind":"plain","optional":true},"id":{"type":"string","description_kind":"plain","optional":true,"computed":true},"name":{"type":"string","description_kind":"plain","optional":true,"computed":true},"uuid":{"type":"string","description_kind":"plain","optional":true,"computed":true}},"block_types":{"member":{"nesting_mode":"list","block":{"attributes":{"name":{"type":"string","description_kind":"plain","optional":true,"computed":true}},"description_kind":"plain"},"min_items":1}},"description_kind":"plain"}},"fortios_firewall_vipgrp64":{"version":0,"block":{"attributes":{"color":{"type":"number","description_kind":"plain","optional":true,"computed":true},"comments":{"type":"string","description_kind":"plain","optional":true},"id":{"type":"string","description_kind":"plain","optional":true,"computed":true},"name":{"type":"string","description_kind":"plain","optional":true,"computed":true},"uuid":{"type":"string","description_kind":"plain","optional":true,"computed":true}},"block_types":{"member":{"nesting_mode":"list","block":{"attributes":{"name":{"type":"string","description_kind":"plain","optional":true,"computed":true}},"description_kind":"plain"},"min_items":1}},"description_kind":"plain"}},"fortios_firewallconsolidated_policy":{"version":0,"block":{"attributes":{"action":{"type":"string","description_kind":"plain","optional":true,"computed":true},"application_list":{"type":"string","description_kind":"plain","optional":true,"computed":true},"av_profile":{"type":"string","description_kind":"plain","optional":true,"computed":true},"comments":{"type":"string","description_kind":"plain","optional":true},"diffserv_forward":{"type":"string","description_kind":"plain","optional":true,"computed":true},"diffserv_reverse":{"type":"string","description_kind":"plain","optional":true,"computed":true},"diffservcode_forward":{"type":"string","description_kind":"plain","optional":true,"computed":true},"diffservcode_rev":{"type":"string","description_kind":"plain","optional":true,"computed":true},"dlp_sensor":{"type":"string","description_kind":"plain","optional":true,"computed":true},"dnsfilter_profile":{"type":"string","description_kind":"plain","optional":true,"computed":true},"fixedport":{"type":"string","description_kind":"plain","optional":true,"computed":true},"icap_profile":{"type":"string","description_kind":"plain","optional":true,"computed":true},"id":{"type":"string","description_kind":"plain","optional":true,"computed":true},"inbound":{"type":"string","description_kind":"plain","optional":true,"computed":true},"ippool":{"type":"string","description_kind":"plain","optional":true,"computed":true},"ips_sensor":{"type":"string","description_kind":"plain","optional":true,"computed":true},"logtraffic":{"type":"string","description_kind":"plain","optional":true,"computed":true},"logtraffic_start":{"type":"string","description_kind":"plain","optional":true,"computed":true},"name":{"type":"string","description_kind":"plain","optional":true,"computed":true},"nat":{"type":"string","description_kind":"plain","optional":true,"computed":true},"outbound":{"type":"string","description_kind":"plain","optional":true,"computed":true},"per_ip_shaper":{"type":"string","description_kind":"plain","optional":true,"computed":true},"policyid":{"type":"number","description_kind":"plain","optional":true,"computed":true},"profile_group":{"type":"string","description_kind":"plain","optional":true,"computed":true},"profile_protocol_options":{"type":"string","description_kind":"plain","optional":true,"computed":true},"profile_type":{"type":"string","description_kind":"plain","optional":true,"computed":true},"schedule":{"type":"string","description_kind":"plain","optional":true,"computed":true},"session_ttl":{"type":"number","description_kind":"plain","optional":true,"computed":true},"spamfilter_profile":{"type":"string","description_kind":"plain","optional":true,"computed":true},"ssh_filter_profile":{"type":"string","description_kind":"plain","optional":true,"computed":true},"ssl_ssh_profile":{"type":"string","description_kind":"plain","optional":true,"computed":true},"status":{"type":"string","description_kind":"plain","optional":true,"computed":true},"tcp_mss_receiver":{"type":"number","description_kind":"plain","optional":true,"computed":true},"tcp_mss_sender":{"type":"number","description_kind":"plain","optional":true,"computed":true},"traffic_shaper":{"type":"string","description_kind":"plain","optional":true,"computed":true},"traffic_shaper_reverse":{"type":"string","description_kind":"plain","optional":true,"computed":true},"utm_status":{"type":"string","description_kind":"plain","optional":true,"computed":true},"uuid":{"type":"string","description_kind":"plain","optional":true,"computed":true},"voip_profile":{"type":"string","description_kind":"plain","optional":true,"computed":true},"vpntunnel":{"type":"string","description_kind":"plain","optional":true,"computed":true},"waf_profile":{"type":"string","description_kind":"plain","optional":true,"computed":true},"webfilter_profile":{"type":"string","description_kind":"plain","optional":true,"computed":true}},"block_types":{"app_category":{"nesting_mode":"list","block":{"attributes":{"id":{"type":"number","description_kind":"plain","optional":true,"computed":true}},"description_kind":"plain"}},"app_group":{"nesting_mode":"list","block":{"attributes":{"name":{"type":"string","description_kind":"plain","optional":true,"computed":true}},"description_kind":"plain"}},"application":{"nesting_mode":"list","block":{"attributes":{"id":{"type":"number","description_kind":"plain","optional":true,"computed":true}},"description_kind":"plain"}},"dstaddr4":{"nesting_mode":"list","block":{"attributes":{"name":{"type":"string","description_kind":"plain","optional":true,"computed":true}},"description_kind":"plain"}},"dstaddr6":{"nesting_mode":"list","block":{"attributes":{"name":{"type":"string","description_kind":"plain","optional":true,"computed":true}},"description_kind":"plain"}},"dstintf":{"nesting_mode":"list","block":{"attributes":{"name":{"type":"string","description_kind":"plain","optional":true,"computed":true}},"description_kind":"plain"}},"groups":{"nesting_mode":"list","block":{"attributes":{"name":{"type":"string","description_kind":"plain","optional":true,"computed":true}},"description_kind":"plain"}},"poolname4":{"nesting_mode":"list","block":{"attributes":{"name":{"type":"string","description_kind":"plain","optional":true,"computed":true}},"description_kind":"plain"}},"poolname6":{"nesting_mode":"list","block":{"attributes":{"name":{"type":"string","description_kind":"plain","optional":true,"computed":true}},"description_kind":"plain"}},"service":{"nesting_mode":"list","block":{"attributes":{"name":{"type":"string","description_kind":"plain","optional":true,"computed":true}},"description_kind":"plain"}},"srcaddr4":{"nesting_mode":"list","block":{"attributes":{"name":{"type":"string","description_kind":"plain","optional":true,"computed":true}},"description_kind":"plain"}},"srcaddr6":{"nesting_mode":"list","block":{"attributes":{"name":{"type":"string","description_kind":"plain","optional":true,"computed":true}},"description_kind":"plain"}},"srcintf":{"nesting_mode":"list","block":{"attributes":{"name":{"type":"string","description_kind":"plain","optional":true,"computed":true}},"description_kind":"plain"}},"url_category":{"nesting_mode":"list","block":{"attributes":{"id":{"type":"number","description_kind":"plain","optional":true,"computed":true}},"description_kind":"plain"}},"users":{"nesting_mode":"list","block":{"attributes":{"name":{"type":"string","description_kind":"plain","optional":true,"computed":true}},"description_kind":"plain"}}},"description_kind":"plain"}},"fortios_firewallipmacbinding_setting":{"version":0,"block":{"attributes":{"bindthroughfw":{"type":"string","description_kind":"plain","optional":true,"computed":true},"bindtofw":{"type":"string","description_kind":"plain","optional":true,"computed":true},"id":{"type":"string","description_kind":"plain","optional":true,"computed":true},"undefinedhost":{"type":"string","description_kind":"plain","optional":true,"computed":true}},"description_kind":"plain"}},"fortios_firewallipmacbinding_table":{"version":0,"block":{"attributes":{"id":{"type":"string","description_kind":"plain","optional":true,"computed":true},"ip":{"type":"string","description_kind":"plain","required":true},"mac":{"type":"string","description_kind":"plain","optional":true,"computed":true},"name":{"type":"string","description_kind":"plain","optional":true,"computed":true},"seq_num":{"type":"number","description_kind":"plain","optional":true,"computed":true},"status":{"type":"string","description_kind":"plain","optional":true,"computed":true}},"description_kind":"plain"}},"fortios_firewallschedule_group":{"version":0,"block":{"attributes":{"color":{"type":"number","description_kind":"plain","optional":true,"computed":true},"id":{"type":"string","description_kind":"plain","optional":true,"computed":true},"name":{"type":"string","description_kind":"plain","required":true}},"block_types":{"member":{"nesting_mode":"list","block":{"attributes":{"name":{"type":"string","description_kind":"plain","optional":true,"computed":true}},"description_kind":"plain"},"min_items":1}},"description_kind":"plain"}},"fortios_firewallschedule_onetime":{"version":0,"block":{"attributes":{"color":{"type":"number","description_kind":"plain","optional":true,"computed":true},"end":{"type":"string","description_kind":"plain","required":true},"expiration_days":{"type":"number","description_kind":"plain","optional":true,"computed":true},"id":{"type":"string","description_kind":"plain","optional":true,"computed":true},"name":{"type":"string","description_kind":"plain","required":true},"start":{"type":"string","description_kind":"plain","required":true}},"description_kind":"plain"}},"fortios_firewallschedule_recurring":{"version":0,"block":{"attributes":{"color":{"type":"number","description_kind":"plain","optional":true,"computed":true},"day":{"type":"string","description_kind":"plain","optional":true,"computed":true},"end":{"type":"string","description_kind":"plain","required":true},"id":{"type":"string","description_kind":"plain","optional":true,"computed":true},"name":{"type":"string","description_kind":"plain","required":true},"start":{"type":"string","description_kind":"plain","required":true}},"description_kind":"plain"}},"fortios_firewallservice_category":{"version":0,"block":{"attributes":{"comment":{"type":"string","description_kind":"plain","optional":true},"id":{"type":"string","description_kind":"plain","optional":true,"computed":true},"name":{"type":"string","description_kind":"plain","optional":true,"computed":true}},"description_kind":"plain"}},"fortios_firewallservice_custom":{"version":0,"block":{"attributes":{"app_service_type":{"type":"string","description_kind":"plain","optional":true,"computed":true},"category":{"type":"string","description_kind":"plain","optional":true,"computed":true},"check_reset_range":{"type":"string","description_kind":"plain","optional":true,"computed":true},"color":{"type":"number","description_kind":"plain","optional":true,"computed":true},"comment":{"type":"string","description_kind":"plain","optional":true},"fqdn":{"type":"string","description_kind":"plain","optional":true,"computed":true},"helper":{"type":"string","description_kind":"plain","optional":true,"computed":true},"icmpcode":{"type":"number","description_kind":"plain","optional":true,"computed":true},"icmptype":{"type":"number","description_kind":"plain","optional":true,"computed":true},"id":{"type":"string","description_kind":"plain","optional":true,"computed":true},"iprange":{"type":"string","description_kind":"plain","optional":true,"computed":true},"name":{"type":"string","description_kind":"plain","optional":true,"computed":true},"protocol":{"type":"string","description_kind":"plain","optional":true,"computed":true},"protocol_number":{"type":"number","description_kind":"plain","optional":true,"computed":true},"proxy":{"type":"string","description_kind":"plain","optional":true,"computed":true},"sctp_portrange":{"type":"string","description_kind":"plain","optional":true,"computed":true},"session_ttl":{"type":"number","description_kind":"plain","optional":true,"computed":true},"tcp_halfclose_timer":{"type":"number","description_kind":"plain","optional":true,"computed":true},"tcp_halfopen_timer":{"type":"number","description_kind":"plain","optional":true,"computed":true},"tcp_portrange":{"type":"string","description_kind":"plain","optional":true,"computed":true},"tcp_timewait_timer":{"type":"number","description_kind":"plain","optional":true,"computed":true},"udp_idle_timer":{"type":"number","description_kind":"plain","optional":true,"computed":true},"udp_portrange":{"type":"string","description_kind":"plain","optional":true,"computed":true},"visibility":{"type":"string","description_kind":"plain","optional":true,"computed":true}},"block_types":{"app_category":{"nesting_mode":"list","block":{"attributes":{"id":{"type":"number","description_kind":"plain","optional":true,"computed":true}},"description_kind":"plain"}},"application":{"nesting_mode":"list","block":{"attributes":{"id":{"type":"number","description_kind":"plain","optional":true,"computed":true}},"description_kind":"plain"}}},"description_kind":"plain"}},"fortios_firewallservice_group":{"version":0,"block":{"attributes":{"color":{"type":"number","description_kind":"plain","optional":true,"computed":true},"comment":{"type":"string","description_kind":"plain","optional":true},"id":{"type":"string","description_kind":"plain","optional":true,"computed":true},"name":{"type":"string","description_kind":"plain","required":true},"proxy":{"type":"string","description_kind":"plain","optional":true,"computed":true}},"block_types":{"member":{"nesting_mode":"list","block":{"attributes":{"name":{"type":"string","description_kind":"plain","optional":true,"computed":true}},"description_kind":"plain"}}},"description_kind":"plain"}},"fortios_firewallshaper_peripshaper":{"version":0,"block":{"attributes":{"bandwidth_unit":{"type":"string","description_kind":"plain","optional":true,"computed":true},"diffserv_forward":{"type":"string","description_kind":"plain","optional":true,"computed":true},"diffserv_reverse":{"type":"string","description_kind":"plain","optional":true,"computed":true},"diffservcode_forward":{"type":"string","description_kind":"plain","optional":true,"computed":true},"diffservcode_rev":{"type":"string","description_kind":"plain","optional":true,"computed":true},"id":{"type":"string","description_kind":"plain","optional":true,"computed":true},"max_bandwidth":{"type":"number","description_kind":"plain","optional":true,"computed":true},"max_concurrent_session":{"type":"number","description_kind":"plain","optional":true,"computed":true},"name":{"type":"string","description_kind":"plain","optional":true,"computed":true}},"description_kind":"plain"}},"fortios_firewallshaper_trafficshaper":{"version":0,"block":{"attributes":{"bandwidth_unit":{"type":"string","description_kind":"plain","optional":true,"computed":true},"diffserv":{"type":"string","description_kind":"plain","optional":true,"computed":true},"diffservcode":{"type":"string","description_kind":"plain","optional":true,"computed":true},"guaranteed_bandwidth":{"type":"number","description_kind":"plain","optional":true,"computed":true},"id":{"type":"string","description_kind":"plain","optional":true,"computed":true},"maximum_bandwidth":{"type":"number","description_kind":"plain","optional":true,"computed":true},"name":{"type":"string","description_kind":"plain","optional":true,"computed":true},"per_policy":{"type":"string","description_kind":"plain","optional":true,"computed":true},"priority":{"type":"string","description_kind":"plain","optional":true,"computed":true}},"description_kind":"plain"}},"fortios_firewallssh_hostkey":{"version":0,"block":{"attributes":{"hostname":{"type":"string","description_kind":"plain","optional":true,"computed":true},"id":{"type":"string","description_kind":"plain","optional":true,"computed":true},"ip":{"type":"string","description_kind":"plain","optional":true,"computed":true},"name":{"type":"string","description_kind":"plain","optional":true,"computed":true},"nid":{"type":"string","description_kind":"plain","optional":true,"computed":true},"port":{"type":"number","description_kind":"plain","optional":true,"computed":true},"public_key":{"type":"string","description_kind":"plain","optional":true},"status":{"type":"string","description_kind":"plain","optional":true,"computed":true},"type":{"type":"string","description_kind":"plain","optional":true,"computed":true}},"description_kind":"plain"}},"fortios_firewallssh_localca":{"version":0,"block":{"attributes":{"id":{"type":"string","description_kind":"plain","optional":true,"computed":true},"name":{"type":"string","description_kind":"plain","optional":true,"computed":true},"password":{"type":"string","description_kind":"plain","optional":true},"private_key":{"type":"string","description_kind":"plain","required":true},"public_key":{"type":"string","description_kind":"plain","required":true},"source":{"type":"string","description_kind":"plain","optional":true,"computed":true}},"description_kind":"plain"}},"fortios_firewallssh_localkey":{"version":0,"block":{"attributes":{"id":{"type":"string","description_kind":"plain","optional":true,"computed":true},"name":{"type":"string","description_kind":"plain","optional":true,"computed":true},"password":{"type":"string","description_kind":"plain","optional":true},"private_key":{"type":"string","description_kind":"plain","required":true},"public_key":{"type":"string","description_kind":"plain","required":true},"source":{"type":"string","description_kind":"plain","optional":true,"computed":true}},"description_kind":"plain"}},"fortios_firewallssh_setting":{"version":0,"block":{"attributes":{"caname":{"type":"string","description_kind":"plain","optional":true,"computed":true},"host_trusted_checking":{"type":"string","description_kind":"plain","optional":true,"computed":true},"hostkey_dsa1024":{"type":"string","description_kind":"plain","optional":true,"computed":true},"hostkey_ecdsa256":{"type":"string","description_kind":"plain","optional":true,"computed":true},"hostkey_ecdsa384":{"type":"string","description_kind":"plain","optional":true,"computed":true},"hostkey_ecdsa521":{"type":"string","description_kind":"plain","optional":true,"computed":true},"hostkey_ed25519":{"type":"string","description_kind":"plain","optional":true,"computed":true},"hostkey_rsa2048":{"type":"string","description_kind":"plain","optional":true,"computed":true},"id":{"type":"string","description_kind":"plain","optional":true,"computed":true},"untrusted_caname":{"type":"string","description_kind":"plain","optional":true,"computed":true}},"description_kind":"plain"}},"fortios_firewallssl_setting":{"version":0,"block":{"attributes":{"abbreviate_handshake":{"type":"string","description_kind":"plain","optional":true,"computed":true},"cert_cache_capacity":{"type":"number","description_kind":"plain","required":true},"cert_cache_timeout":{"type":"number","description_kind":"plain","required":true},"id":{"type":"string","description_kind":"plain","optional":true,"computed":true},"kxp_queue_threshold":{"type":"number","description_kind":"plain","optional":true,"computed":true},"no_matching_cipher_action":{"type":"string","description_kind":"plain","required":true},"proxy_connect_timeout":{"type":"number","description_kind":"plain","required":true},"session_cache_capacity":{"type":"number","description_kind":"plain","required":true},"session_cache_timeout":{"type":"number","description_kind":"plain","required":true},"ssl_dh_bits":{"type":"string","description_kind":"plain","required":true},"ssl_queue_threshold":{"type":"number","description_kind":"plain","optional":true,"computed":true},"ssl_send_empty_frags":{"type":"string","description_kind":"plain","required":true}},"description_kind":"plain"}},"fortios_firewallwildcardfqdn_custom":{"version":0,"block":{"attributes":{"color":{"type":"number","description_kind":"plain","optional":true,"computed":true},"comment":{"type":"string","description_kind":"plain","optional":true},"id":{"type":"string","description_kind":"plain","optional":true,"computed":true},"name":{"type":"string","description_kind":"plain","optional":true,"computed":true},"uuid":{"type":"string","description_kind":"plain","optional":true,"computed":true},"visibility":{"type":"string","description_kind":"plain","optional":true,"computed":true},"wildcard_fqdn":{"type":"string","description_kind":"plain","optional":true,"computed":true}},"description_kind":"plain"}},"fortios_firewallwildcardfqdn_group":{"version":0,"block":{"attributes":{"color":{"type":"number","description_kind":"plain","optional":true,"computed":true},"comment":{"type":"string","description_kind":"plain","optional":true},"id":{"type":"string","description_kind":"plain","optional":true,"computed":true},"name":{"type":"string","description_kind":"plain","optional":true,"computed":true},"uuid":{"type":"string","description_kind":"plain","optional":true,"computed":true},"visibility":{"type":"string","description_kind":"plain","optional":true,"computed":true}},"block_types":{"member":{"nesting_mode":"list","block":{"attributes":{"name":{"type":"string","description_kind":"plain","optional":true,"computed":true}},"description_kind":"plain"},"min_items":1}},"description_kind":"plain"}},"fortios_fmg_devicemanager_device":{"version":0,"block":{"attributes":{"adom":{"type":"string","description_kind":"plain","optional":true},"device_name":{"type":"string","description_kind":"plain","required":true},"id":{"type":"string","description_kind":"plain","optional":true,"computed":true},"ipaddr":{"type":"string","description_kind":"plain","required":true},"password":{"type":"string","description_kind":"plain","optional":true},"userid":{"type":"string","description_kind":"plain","required":true}},"description_kind":"plain"}},"fortios_fmg_devicemanager_install_device":{"version":0,"block":{"attributes":{"adom":{"type":"string","description_kind":"plain","optional":true},"id":{"type":"string","description_kind":"plain","optional":true,"computed":true},"target_devname":{"type":"string","description_kind":"plain","required":true},"timeout":{"type":"number","description":"Timeout for installing the script to the target, default: 3 minutes","description_kind":"plain","optional":true},"vdom":{"type":"string","description_kind":"plain","optional":true}},"description_kind":"plain"}},"fortios_fmg_devicemanager_install_policypackage":{"version":0,"block":{"attributes":{"adom":{"type":"string","description_kind":"plain","optional":true},"id":{"type":"string","description_kind":"plain","optional":true,"computed":true},"package_name":{"type":"string","description_kind":"plain","required":true},"timeout":{"type":"number","description":"Timeout for installing the package to the target, default: 3 minutes","description_kind":"plain","optional":true}},"description_kind":"plain"}},"fortios_fmg_devicemanager_script":{"version":0,"block":{"attributes":{"adom":{"type":"string","description_kind":"plain","optional":true},"content":{"type":"string","description_kind":"plain","required":true},"description":{"type":"string","description_kind":"plain","optional":true},"id":{"type":"string","description_kind":"plain","optional":true,"computed":true},"name":{"type":"string","description_kind":"plain","required":true},"target":{"type":"string","description_kind":"plain","optional":true}},"description_kind":"plain"}},"fortios_fmg_devicemanager_script_execute":{"version":0,"block":{"attributes":{"adom":{"type":"string","description_kind":"plain","optional":true},"id":{"type":"string","description_kind":"plain","optional":true,"computed":true},"script_name":{"type":"string","description_kind":"plain","required":true},"target_devname":{"type":"string","description_kind":"plain","required":true},"timeout":{"type":"number","description_kind":"plain","optional":true},"vdom":{"type":"string","description_kind":"plain","optional":true}},"description_kind":"plain"}},"fortios_fmg_firewall_object_address":{"version":0,"block":{"attributes":{"adom":{"type":"string","description_kind":"plain","optional":true},"allow_routing":{"type":"string","description_kind":"plain","optional":true},"associated_intf":{"type":"string","description_kind":"plain","optional":true},"comment":{"type":"string","description_kind":"plain","optional":true},"end_ip":{"type":"string","description_kind":"plain","optional":true},"fqdn":{"type":"string","description_kind":"plain","optional":true},"id":{"type":"string","description_kind":"plain","optional":true,"computed":true},"name":{"type":"string","description_kind":"plain","required":true},"start_ip":{"type":"string","description_kind":"plain","optional":true},"subnet":{"type":"string","description_kind":"plain","optional":true},"type":{"type":"string","description_kind":"plain","optional":true}},"description_kind":"plain"}},"fortios_fmg_firewall_object_ippool":{"version":0,"block":{"attributes":{"adom":{"type":"string","description_kind":"plain","optional":true},"arp_intf":{"type":"string","description_kind":"plain","optional":true},"arp_reply":{"type":"string","description_kind":"plain","optional":true},"associated_intf":{"type":"string","description_kind":"plain","optional":true},"comment":{"type":"string","description_kind":"plain","optional":true},"endip":{"type":"string","description_kind":"plain","required":true},"id":{"type":"string","description_kind":"plain","optional":true,"computed":true},"name":{"type":"string","description_kind":"plain","required":true},"startip":{"type":"string","description_kind":"plain","required":true},"type":{"type":"string","description_kind":"plain","optional":true}},"description_kind":"plain"}},"fortios_fmg_firewall_object_service":{"version":0,"block":{"attributes":{"adom":{"type":"string","description_kind":"plain","optional":true},"category":{"type":"string","description_kind":"plain","optional":true},"comment":{"type":"string","description_kind":"plain","optional":true},"fqdn":{"type":"string","description_kind":"plain","optional":true},"icmp_code":{"type":"number","description_kind":"plain","optional":true},"icmp_type":{"type":"number","description_kind":"plain","optional":true},"id":{"type":"string","description_kind":"plain","optional":true,"computed":true},"iprange":{"type":"string","description_kind":"plain","optional":true},"name":{"type":"string","description_kind":"plain","required":true},"protocol":{"type":"string","description_kind":"plain","optional":true},"protocol_number":{"type":"number","description_kind":"plain","optional":true},"proxy":{"type":"string","description_kind":"plain","optional":true},"sctp_portrange":{"type":["list","string"],"description_kind":"plain","optional":true},"tcp_portrange":{"type":["list","string"],"description_kind":"plain","optional":true},"udp_portrange":{"type":["list","string"],"description_kind":"plain","optional":true}},"description_kind":"plain"}},"fortios_fmg_firewall_object_vip":{"version":0,"block":{"attributes":{"adom":{"type":"string","description_kind":"plain","optional":true},"arp_reply":{"type":"string","description_kind":"plain","optional":true},"comment":{"type":"string","description_kind":"plain","optional":true},"config_default":{"type":"string","description_kind":"plain","optional":true},"ext_intf":{"type":"string","description_kind":"plain","optional":true},"ext_ip":{"type":"string","description_kind":"plain","optional":true},"id":{"type":"string","description_kind":"plain","optional":true,"computed":true},"mapped_addr":{"type":"string","description_kind":"plain","optional":true},"mapped_ip":{"type":"string","description_kind":"plain","optional":true},"name":{"type":"string","description_kind":"plain","required":true},"type":{"type":"string","description_kind":"plain","optional":true}},"description_kind":"plain"}},"fortios_fmg_firewall_security_policy":{"version":0,"block":{"attributes":{"action":{"type":"string","description_kind":"plain","optional":true},"adom":{"type":"string","description_kind":"plain","optional":true},"application_list":{"type":["list","string"],"description_kind":"plain","optional":true},"av_profile":{"type":["list","string"],"description_kind":"plain","optional":true},"capture_packet":{"type":"string","description_kind":"plain","optional":true},"comments":{"type":"string","description_kind":"plain","optional":true},"dnsfilter_profile":{"type":["list","string"],"description_kind":"plain","optional":true},"dstaddr":{"type":["list","string"],"description_kind":"plain","required":true},"dstintf":{"type":["list","string"],"description_kind":"plain","required":true},"fixedport":{"type":"string","description_kind":"plain","optional":true},"fsso":{"type":"string","description_kind":"plain","optional":true},"groups":{"type":["list","string"],"description_kind":"plain","optional":true},"id":{"type":"string","description_kind":"plain","optional":true,"computed":true},"inbound":{"type":"string","description_kind":"plain","optional":true},"internet_service":{"type":"string","description_kind":"plain","optional":true},"internet_service_id":{"type":["list","string"],"description_kind":"plain","optional":true},"internet_service_src":{"type":"string","description_kind":"plain","optional":true},"internet_service_src_id":{"type":["list","string"],"description_kind":"plain","optional":true},"ippool":{"type":"string","description_kind":"plain","optional":true},"ips_sensor":{"type":["list","string"],"description_kind":"plain","optional":true},"logtraffic":{"type":"string","description_kind":"plain","optional":true},"logtraffic_start":{"type":"string","description_kind":"plain","optional":true},"name":{"type":"string","description_kind":"plain","required":true},"nat":{"type":"string","description_kind":"plain","optional":true},"package_name":{"type":"string","description_kind":"plain","optional":true},"per_ip_shaper":{"type":["list","string"],"description_kind":"plain","optional":true},"poolname":{"type":["list","string"],"description_kind":"plain","optional":true},"profile_group":{"type":["list","string"],"description_kind":"plain","optional":true},"profile_protocol_options":{"type":["list","string"],"description_kind":"plain","optional":true},"profile_type":{"type":"string","description_kind":"plain","optional":true},"rsso":{"type":"string","description_kind":"plain","optional":true},"schedule":{"type":["list","string"],"description_kind":"plain","required":true},"service":{"type":["list","string"],"description_kind":"plain","required":true},"srcaddr":{"type":["list","string"],"description_kind":"plain","required":true},"srcintf":{"type":["list","string"],"description_kind":"plain","required":true},"traffic_shaper":{"type":["list","string"],"description_kind":"plain","optional":true},"traffic_shaper_reverse":{"type":["list","string"],"description_kind":"plain","optional":true},"users":{"type":["list","string"],"description_kind":"plain","optional":true},"utm_status":{"type":"string","description_kind":"plain","optional":true},"vpn_tunnel":{"type":["list","string"],"description_kind":"plain","optional":true},"waf_profile":{"type":["list","string"],"description_kind":"plain","optional":true},"webfilter_profile":{"type":["list","string"],"description_kind":"plain","optional":true}},"description_kind":"plain"}},"fortios_fmg_firewall_security_policypackage":{"version":0,"block":{"attributes":{"adom":{"type":"string","description_kind":"plain","optional":true},"id":{"type":"string","description_kind":"plain","optional":true,"computed":true},"inspection_mode":{"type":"string","description_kind":"plain","optional":true},"name":{"type":"string","description_kind":"plain","required":true},"target":{"type":"string","description_kind":"plain","optional":true},"vdom":{"type":"string","description_kind":"plain","optional":true}},"description_kind":"plain"}},"fortios_fmg_jsonrpc_request":{"version":0,"block":{"attributes":{"id":{"type":"string","description_kind":"plain","optional":true,"computed":true},"json_content":{"type":"string","description_kind":"plain","required":true},"response":{"type":"string","description_kind":"plain","computed":true}},"description_kind":"plain"}},"fortios_fmg_object_adom_revision":{"version":0,"block":{"attributes":{"adom":{"type":"string","description_kind":"plain","optional":true},"created_by":{"type":"string","description_kind":"plain","optional":true},"description":{"type":"string","description_kind":"plain","optional":true},"id":{"type":"string","description_kind":"plain","optional":true,"computed":true},"locked":{"type":"number","description_kind":"plain","optional":true},"name":{"type":"string","description_kind":"plain","required":true}},"description_kind":"plain"}},"fortios_fmg_system_admin":{"version":0,"block":{"attributes":{"http_port":{"type":"number","description_kind":"plain","optional":true},"https_port":{"type":"number","description_kind":"plain","optional":true},"id":{"type":"string","description_kind":"plain","optional":true,"computed":true},"idle_timeout":{"type":"number","description_kind":"plain","optional":true}},"description_kind":"plain"}},"fortios_fmg_system_admin_profiles":{"version":0,"block":{"attributes":{"adom_policy_packages":{"type":"string","description_kind":"plain","optional":true},"adom_switch":{"type":"string","description_kind":"plain","optional":true},"assignment":{"type":"string","description_kind":"plain","optional":true},"config_retrieve":{"type":"string","description_kind":"plain","optional":true},"config_revert":{"type":"string","description_kind":"plain","optional":true},"consistency_check":{"type":"string","description_kind":"plain","optional":true},"deploy_management":{"type":"string","description_kind":"plain","optional":true},"description":{"type":"string","description_kind":"plain","optional":true},"device_ap":{"type":"string","description_kind":"plain","optional":true},"device_config":{"type":"string","description_kind":"plain","optional":true},"device_forticlient":{"type":"string","description_kind":"plain","optional":true},"device_fortiswitch":{"type":"string","description_kind":"plain","optional":true},"device_manager":{"type":"string","description_kind":"plain","optional":true},"device_operation":{"type":"string","description_kind":"plain","optional":true},"device_profile":{"type":"string","description_kind":"plain","optional":true},"device_revision_deletion":{"type":"string","description_kind":"plain","optional":true},"device_wan_link_load_balance":{"type":"string","description_kind":"plain","optional":true},"fortiguard_center":{"type":"string","description_kind":"plain","optional":true},"fortiguard_center_advanced":{"type":"string","description_kind":"plain","optional":true},"fortiguard_center_firmware_managerment":{"type":"string","description_kind":"plain","optional":true},"fortiguard_center_licensing":{"type":"string","description_kind":"plain","optional":true},"global_policy_packages":{"type":"string","description_kind":"plain","optional":true},"id":{"type":"string","description_kind":"plain","optional":true,"computed":true},"import_policy_packages":{"type":"string","description_kind":"plain","optional":true},"intf_mapping":{"type":"string","description_kind":"plain","optional":true},"log_viewer":{"type":"string","description_kind":"plain","optional":true},"policy_objects":{"type":"string","description_kind":"plain","optional":true},"profileid":{"type":"string","description_kind":"plain","required":true},"set_install_targets":{"type":"string","description_kind":"plain","optional":true},"system_setting":{"type":"string","description_kind":"plain","optional":true},"terminal_access":{"type":"string","description_kind":"plain","optional":true},"vpn_manager":{"type":"string","description_kind":"plain","optional":true}},"description_kind":"plain"}},"fortios_fmg_system_admin_user":{"version":0,"block":{"attributes":{"description":{"type":"string","description_kind":"plain","optional":true},"id":{"type":"string","description_kind":"plain","optional":true,"computed":true},"password":{"type":"string","description_kind":"plain","optional":true},"profileid":{"type":"string","description_kind":"plain","optional":true},"rpc_permit":{"type":"string","description_kind":"plain","optional":true},"trusthost1":{"type":"string","description_kind":"plain","optional":true},"trusthost2":{"type":"string","description_kind":"plain","optional":true},"trusthost3":{"type":"string","description_kind":"plain","optional":true},"user_type":{"type":"string","description_kind":"plain","optional":true},"userid":{"type":"string","description_kind":"plain","required":true}},"description_kind":"plain"}},"fortios_fmg_system_adom":{"version":0,"block":{"attributes":{"action_when_conflicts_occur_during_policy_check":{"type":"string","description_kind":"plain","optional":true},"auto_push_policy_packages_when_device_back_online":{"type":"string","description_kind":"plain","optional":true},"central_management_fortiap":{"type":"bool","description_kind":"plain","optional":true},"central_management_sdwan":{"type":"bool","description_kind":"plain","optional":true},"central_management_vpn":{"type":"bool","description_kind":"plain","optional":true},"id":{"type":"string","description_kind":"plain","optional":true,"computed":true},"mode":{"type":"string","description_kind":"plain","optional":true},"name":{"type":"string","description_kind":"plain","required":true},"perform_policy_check_before_every_install":{"type":"bool","description_kind":"plain","optional":true},"status":{"type":"number","description_kind":"plain","optional":true},"type":{"type":"string","description_kind":"plain","optional":true}},"description_kind":"plain"}},"fortios_fmg_system_dns":{"version":0,"block":{"attributes":{"id":{"type":"string","description_kind":"plain","optional":true,"computed":true},"primary":{"type":"string","description_kind":"plain","optional":true},"secondary":{"type":"string","description_kind":"plain","optional":true}},"description_kind":"plain"}},"fortios_fmg_system_global":{"version":0,"block":{"attributes":{"adom_mode":{"type":"string","description_kind":"plain","optional":true},"adom_status":{"type":"string","description_kind":"plain","optional":true},"fortianalyzer_status":{"type":"string","description_kind":"plain","optional":true},"hostname":{"type":"string","description_kind":"plain","optional":true},"id":{"type":"string","description_kind":"plain","optional":true,"computed":true},"timezone":{"type":"string","description_kind":"plain","optional":true}},"description_kind":"plain"}},"fortios_fmg_system_license_forticare":{"version":0,"block":{"attributes":{"adom":{"type":"string","description_kind":"plain","optional":true},"id":{"type":"string","description_kind":"plain","optional":true,"computed":true},"registration_code":{"type":"string","description_kind":"plain","required":true},"target":{"type":"string","description_kind":"plain","required":true}},"description_kind":"plain"}},"fortios_fmg_system_license_vm":{"version":0,"block":{"attributes":{"adom":{"type":"string","description_kind":"plain","optional":true},"file_content":{"type":"string","description_kind":"plain","required":true},"id":{"type":"string","description_kind":"plain","optional":true,"computed":true},"target":{"type":"string","description_kind":"plain","required":true}},"description_kind":"plain"}},"fortios_fmg_system_network_interface":{"version":0,"block":{"attributes":{"allow_access":{"type":["list","string"],"description_kind":"plain","optional":true},"description":{"type":"string","description_kind":"plain","optional":true},"id":{"type":"string","description_kind":"plain","optional":true,"computed":true},"ip":{"type":"string","description_kind":"plain","optional":true},"name":{"type":"string","description_kind":"plain","required":true},"service_access":{"type":["list","string"],"description_kind":"plain","optional":true},"status":{"type":"string","description_kind":"plain","optional":true}},"description_kind":"plain"}},"fortios_fmg_system_network_route":{"version":0,"block":{"attributes":{"destination":{"type":"string","description_kind":"plain","required":true},"device":{"type":"string","description_kind":"plain","required":true},"gateway":{"type":"string","description_kind":"plain","required":true},"id":{"type":"string","description_kind":"plain","optional":true,"computed":true},"route_id":{"type":"number","description_kind":"plain","required":true}},"description_kind":"plain"}},"fortios_fmg_system_ntp":{"version":0,"block":{"attributes":{"id":{"type":"string","description_kind":"plain","optional":true,"computed":true},"server":{"type":"string","description_kind":"plain","required":true},"status":{"type":"string","description_kind":"plain","optional":true},"sync_interval":{"type":"number","description_kind":"plain","optional":true}},"description_kind":"plain"}},"fortios_fmg_system_syslogserver":{"version":0,"block":{"attributes":{"id":{"type":"string","description_kind":"plain","optional":true,"computed":true},"ip":{"type":"string","description_kind":"plain","optional":true},"name":{"type":"string","description_kind":"plain","required":true},"port":{"type":"number","description_kind":"plain","optional":true}},"description_kind":"plain"}},"fortios_ftpproxy_explicit":{"version":0,"block":{"attributes":{"id":{"type":"string","description_kind":"plain","optional":true,"computed":true},"incoming_ip":{"type":"string","description_kind":"plain","optional":true,"computed":true},"incoming_port":{"type":"string","description_kind":"plain","optional":true,"computed":true},"outgoing_ip":{"type":"string","description_kind":"plain","optional":true,"computed":true},"sec_default_action":{"type":"string","description_kind":"plain","optional":true,"computed":true},"status":{"type":"string","description_kind":"plain","optional":true,"computed":true}},"description_kind":"plain"}},"fortios_icap_profile":{"version":0,"block":{"attributes":{"id":{"type":"string","description_kind":"plain","optional":true,"computed":true},"methods":{"type":"string","description_kind":"plain","optional":true,"computed":true},"name":{"type":"string","description_kind":"plain","optional":true,"computed":true},"replacemsg_group":{"type":"string","description_kind":"plain","optional":true,"computed":true},"request":{"type":"string","description_kind":"plain","optional":true,"computed":true},"request_failure":{"type":"string","description_kind":"plain","optional":true,"computed":true},"request_path":{"type":"string","description_kind":"plain","optional":true,"computed":true},"request_server":{"type":"string","description_kind":"plain","optional":true,"computed":true},"response":{"type":"string","description_kind":"plain","optional":true,"computed":true},"response_failure":{"type":"string","description_kind":"plain","optional":true,"computed":true},"response_path":{"type":"string","description_kind":"plain","optional":true,"computed":true},"response_req_hdr":{"type":"string","description_kind":"plain","optional":true,"computed":true},"response_server":{"type":"string","description_kind":"plain","optional":true,"computed":true},"streaming_content_bypass":{"type":"string","description_kind":"plain","optional":true,"computed":true}},"block_types":{"icap_headers":{"nesting_mode":"list","block":{"attributes":{"base64_encoding":{"type":"string","description_kind":"plain","optional":true,"computed":true},"content":{"type":"string","description_kind":"plain","optional":true,"computed":true},"id":{"type":"number","description_kind":"plain","optional":true,"computed":true},"name":{"type":"string","description_kind":"plain","optional":true,"computed":true}},"description_kind":"plain"}}},"description_kind":"plain"}},"fortios_icap_server":{"version":0,"block":{"attributes":{"id":{"type":"string","description_kind":"plain","optional":true,"computed":true},"ip6_address":{"type":"string","description_kind":"plain","optional":true,"computed":true},"ip_address":{"type":"string","description_kind":"plain","optional":true,"computed":true},"ip_version":{"type":"string","description_kind":"plain","optional":true,"computed":true},"max_connections":{"type":"number","description_kind":"plain","optional":true,"computed":true},"name":{"type":"string","description_kind":"plain","optional":true,"computed":true},"port":{"type":"number","description_kind":"plain","optional":true,"computed":true}},"description_kind":"plain"}},"fortios_ips_custom":{"version":0,"block":{"attributes":{"action":{"type":"string","description_kind":"plain","optional":true,"computed":true},"application":{"type":"string","description_kind":"plain","optional":true,"computed":true},"comment":{"type":"string","description_kind":"plain","optional":true,"computed":true},"id":{"type":"string","description_kind":"plain","optional":true,"computed":true},"location":{"type":"string","description_kind":"plain","optional":true,"computed":true},"log":{"type":"string","description_kind":"plain","optional":true,"computed":true},"log_packet":{"type":"string","description_kind":"plain","optional":true,"computed":true},"os":{"type":"string","description_kind":"plain","optional":true,"computed":true},"protocol":{"type":"string","description_kind":"plain","optional":true,"computed":true},"rule_id":{"type":"number","description_kind":"plain","optional":true,"computed":true},"severity":{"type":"string","description_kind":"plain","optional":true,"computed":true},"sig_name":{"type":"string","description_kind":"plain","optional":true,"computed":true},"signature":{"type":"string","description_kind":"plain","optional":true,"computed":true},"status":{"type":"string","description_kind":"plain","optional":true,"computed":true},"tag":{"type":"string","description_kind":"plain","optional":true,"computed":true}},"description_kind":"plain"}},"fortios_ips_decoder":{"version":0,"block":{"attributes":{"id":{"type":"string","description_kind":"plain","optional":true,"computed":true},"name":{"type":"string","description_kind":"plain","optional":true,"computed":true}},"block_types":{"parameter":{"nesting_mode":"list","block":{"attributes":{"name":{"type":"string","description_kind":"plain","optional":true,"computed":true},"value":{"type":"string","description_kind":"plain","optional":true,"computed":true}},"description_kind":"plain"}}},"description_kind":"plain"}},"fortios_ips_global":{"version":0,"block":{"attributes":{"anomaly_mode":{"type":"string","description_kind":"plain","optional":true,"computed":true},"database":{"type":"string","description_kind":"plain","optional":true,"computed":true},"deep_app_insp_db_limit":{"type":"number","description_kind":"plain","optional":true,"computed":true},"deep_app_insp_timeout":{"type":"number","description_kind":"plain","optional":true,"computed":true},"engine_count":{"type":"number","description_kind":"plain","optional":true,"computed":true},"exclude_signatures":{"type":"string","description_kind":"plain","optional":true,"computed":true},"fail_open":{"type":"string","description_kind":"plain","optional":true,"computed":true},"id":{"type":"string","description_kind":"plain","optional":true,"computed":true},"intelligent_mode":{"type":"string","description_kind":"plain","optional":true,"computed":true},"session_limit_mode":{"type":"string","description_kind":"plain","optional":true,"computed":true},"skype_client_public_ipaddr":{"type":"string","description_kind":"plain","optional":true},"socket_size":{"type":"number","description_kind":"plain","optional":true,"computed":true},"sync_session_ttl":{"type":"string","description_kind":"plain","optional":true,"computed":true},"traffic_submit":{"type":"string","description_kind":"plain","optional":true,"computed":true}},"description_kind":"plain"}},"fortios_ips_rule":{"version":0,"block":{"attributes":{"action":{"type":"string","description_kind":"plain","optional":true,"computed":true},"application":{"type":"string","description_kind":"plain","optional":true,"computed":true},"date":{"type":"number","description_kind":"plain","optional":true,"computed":true},"group":{"type":"string","description_kind":"plain","optional":true,"computed":true},"id":{"type":"string","description_kind":"plain","optional":true,"computed":true},"location":{"type":"string","description_kind":"plain","optional":true,"computed":true},"log":{"type":"string","description_kind":"plain","optional":true,"computed":true},"log_packet":{"type":"string","description_kind":"plain","optional":true,"computed":true},"name":{"type":"string","description_kind":"plain","optional":true,"computed":true},"os":{"type":"string","description_kind":"plain","optional":true,"computed":true},"rev":{"type":"number","description_kind":"plain","optional":true,"computed":true},"rule_id":{"type":"number","description_kind":"plain","optional":true,"computed":true},"service":{"type":"string","description_kind":"plain","optional":true,"computed":true},"severity":{"type":"string","description_kind":"plain","optional":true,"computed":true},"status":{"type":"string","description_kind":"plain","optional":true,"computed":true}},"block_types":{"metadata":{"nesting_mode":"list","block":{"attributes":{"id":{"type":"number","description_kind":"plain","optional":true,"computed":true},"metaid":{"type":"number","description_kind":"plain","optional":true,"computed":true},"valueid":{"type":"number","description_kind":"plain","optional":true,"computed":true}},"description_kind":"plain"}}},"description_kind":"plain"}},"fortios_ips_rulesettings":{"version":0,"block":{"attributes":{"fosid":{"type":"number","description_kind":"plain","optional":true,"computed":true},"id":{"type":"string","description_kind":"plain","optional":true,"computed":true}},"description_kind":"plain"}},"fortios_ips_sensor":{"version":0,"block":{"attributes":{"block_malicious_url":{"type":"string","description_kind":"plain","optional":true,"computed":true},"comment":{"type":"string","description_kind":"plain","optional":true},"extended_log":{"type":"string","description_kind":"plain","optional":true,"computed":true},"id":{"type":"string","description_kind":"plain","optional":true,"computed":true},"name":{"type":"string","description_kind":"plain","required":true},"replacemsg_group":{"type":"string","description_kind":"plain","optional":true,"computed":true}},"block_types":{"entries":{"nesting_mode":"list","block":{"attributes":{"action":{"type":"string","description_kind":"plain","optional":true,"computed":true},"application":{"type":"string","description_kind":"plain","optional":true,"computed":true},"id":{"type":"number","description_kind":"plain","optional":true,"computed":true},"location":{"type":"string","description_kind":"plain","optional":true,"computed":true},"log":{"type":"string","description_kind":"plain","optional":true,"computed":true},"log_attack_context":{"type":"string","description_kind":"plain","optional":true,"computed":true},"log_packet":{"type":"string","description_kind":"plain","optional":true,"computed":true},"os":{"type":"string","description_kind":"plain","optional":true,"computed":true},"protocol":{"type":"string","description_kind":"plain","optional":true,"computed":true},"quarantine":{"type":"string","description_kind":"plain","optional":true,"computed":true},"quarantine_expiry":{"type":"string","description_kind":"plain","optional":true,"computed":true},"quarantine_log":{"type":"string","description_kind":"plain","optional":true,"computed":true},"rate_count":{"type":"number","description_kind":"plain","optional":true,"computed":true},"rate_duration":{"type":"number","description_kind":"plain","optional":true,"computed":true},"rate_mode":{"type":"string","description_kind":"plain","optional":true,"computed":true},"rate_track":{"type":"string","description_kind":"plain","optional":true,"computed":true},"severity":{"type":"string","description_kind":"plain","optional":true,"computed":true},"status":{"type":"string","description_kind":"plain","optional":true,"computed":true}},"block_types":{"exempt_ip":{"nesting_mode":"list","block":{"attributes":{"dst_ip":{"type":"string","description_kind":"plain","optional":true,"computed":true},"id":{"type":"number","description_kind":"plain","optional":true,"computed":true},"src_ip":{"type":"string","description_kind":"plain","optional":true,"computed":true}},"description_kind":"plain"}},"rule":{"nesting_mode":"list","block":{"attributes":{"id":{"type":"number","description_kind":"plain","optional":true,"computed":true}},"description_kind":"plain"}}},"description_kind":"plain"}},"filter":{"nesting_mode":"list","block":{"attributes":{"action":{"type":"string","description_kind":"plain","optional":true,"computed":true},"application":{"type":"string","description_kind":"plain","optional":true,"computed":true},"location":{"type":"string","description_kind":"plain","optional":true,"computed":true},"log":{"type":"string","description_kind":"plain","optional":true,"computed":true},"log_packet":{"type":"string","description_kind":"plain","optional":true,"computed":true},"name":{"type":"string","description_kind":"plain","optional":true,"computed":true},"os":{"type":"string","description_kind":"plain","optional":true,"computed":true},"protocol":{"type":"string","description_kind":"plain","optional":true,"computed":true},"quarantine":{"type":"string","description_kind":"plain","optional":true,"computed":true},"quarantine_expiry":{"type":"number","description_kind":"plain","optional":true,"computed":true},"quarantine_log":{"type":"string","description_kind":"plain","optional":true,"computed":true},"severity":{"type":"string","description_kind":"plain","optional":true,"computed":true},"status":{"type":"string","description_kind":"plain","optional":true,"computed":true}},"description_kind":"plain"}},"override":{"nesting_mode":"list","block":{"attributes":{"action":{"type":"string","description_kind":"plain","optional":true,"computed":true},"log":{"type":"string","description_kind":"plain","optional":true,"computed":true},"log_packet":{"type":"string","description_kind":"plain","optional":true,"computed":true},"quarantine":{"type":"string","description_kind":"plain","optional":true,"computed":true},"quarantine_expiry":{"type":"number","description_kind":"plain","optional":true,"computed":true},"quarantine_log":{"type":"string","description_kind":"plain","optional":true,"computed":true},"rule_id":{"type":"number","description_kind":"plain","optional":true,"computed":true},"status":{"type":"string","description_kind":"plain","optional":true,"computed":true}},"block_types":{"exempt_ip":{"nesting_mode":"list","block":{"attributes":{"dst_ip":{"type":"string","description_kind":"plain","optional":true,"computed":true},"id":{"type":"number","description_kind":"plain","optional":true,"computed":true},"src_ip":{"type":"string","description_kind":"plain","optional":true,"computed":true}},"description_kind":"plain"}}},"description_kind":"plain"}}},"description_kind":"plain"}},"fortios_ips_settings":{"version":0,"block":{"attributes":{"id":{"type":"string","description_kind":"plain","optional":true,"computed":true},"ips_packet_quota":{"type":"number","description_kind":"plain","optional":true,"computed":true},"packet_log_history":{"type":"number","description_kind":"plain","optional":true,"computed":true},"packet_log_memory":{"type":"number","description_kind":"plain","optional":true,"computed":true},"packet_log_post_attack":{"type":"number","description_kind":"plain","optional":true,"computed":true}},"description_kind":"plain"}},"fortios_json_generic_api":{"version":0,"block":{"attributes":{"id":{"type":"string","description_kind":"plain","optional":true,"computed":true},"json":{"type":"string","description_kind":"plain","optional":true},"method":{"type":"string","description_kind":"plain","required":true},"path":{"type":"string","description_kind":"plain","required":true},"response":{"type":"string","description_kind":"plain","computed":true},"specialparams":{"type":"string","description_kind":"plain","optional":true}},"description_kind":"plain"}},"fortios_log_customfield":{"version":0,"block":{"attributes":{"fosid":{"type":"string","description_kind":"plain","optional":true,"computed":true},"id":{"type":"string","description_kind":"plain","optional":true,"computed":true},"name":{"type":"string","description_kind":"plain","required":true},"value":{"type":"string","description_kind":"plain","required":true}},"description_kind":"plain"}},"fortios_log_eventfilter":{"version":0,"block":{"attributes":{"compliance_check":{"type":"string","description_kind":"plain","optional":true,"computed":true},"endpoint":{"type":"string","description_kind":"plain","optional":true,"computed":true},"event":{"type":"string","description_kind":"plain","optional":true,"computed":true},"ha":{"type":"string","description_kind":"plain","optional":true,"computed":true},"id":{"type":"string","description_kind":"plain","optional":true,"computed":true},"router":{"type":"string","description_kind":"plain","optional":true,"computed":true},"security_rating":{"type":"string","description_kind":"plain","optional":true,"computed":true},"system":{"type":"string","description_kind":"plain","optional":true,"computed":true},"user":{"type":"string","description_kind":"plain","optional":true,"computed":true},"vpn":{"type":"string","description_kind":"plain","optional":true,"computed":true},"wan_opt":{"type":"string","description_kind":"plain","optional":true,"computed":true},"wireless_activity":{"type":"string","description_kind":"plain","optional":true,"computed":true}},"description_kind":"plain"}},"fortios_log_fortianalyzer_setting":{"version":0,"block":{"attributes":{"enc_algorithm":{"type":"string","description_kind":"plain","optional":true,"computed":true},"hmac_algorithm":{"type":"string","description_kind":"plain","optional":true,"computed":true},"id":{"type":"string","description_kind":"plain","optional":true,"computed":true},"reliable":{"type":"string","description_kind":"plain","optional":true,"computed":true},"server":{"type":"string","description_kind":"plain","optional":true,"computed":true},"source_ip":{"type":"string","description_kind":"plain","optional":true,"computed":true},"status":{"type":"string","description_kind":"plain","required":true},"upload_option":{"type":"string","description_kind":"plain","optional":true,"computed":true}},"description_kind":"plain"}},"fortios_log_guidisplay":{"version":0,"block":{"attributes":{"fortiview_unscanned_apps":{"type":"string","description_kind":"plain","optional":true,"computed":true},"id":{"type":"string","description_kind":"plain","optional":true,"computed":true},"resolve_apps":{"type":"string","description_kind":"plain","optional":true,"computed":true},"resolve_hosts":{"type":"string","description_kind":"plain","optional":true,"computed":true}},"description_kind":"plain"}},"fortios_log_setting":{"version":0,"block":{"attributes":{"brief_traffic_format":{"type":"string","description_kind":"plain","optional":true,"computed":true},"daemon_log":{"type":"string","description_kind":"plain","optional":true,"computed":true},"expolicy_implicit_log":{"type":"string","description_kind":"plain","optional":true,"computed":true},"faz_override":{"type":"string","description_kind":"plain","optional":true,"computed":true},"fwpolicy6_implicit_log":{"type":"string","description_kind":"plain","optional":true,"computed":true},"fwpolicy_implicit_log":{"type":"string","description_kind":"plain","optional":true,"computed":true},"id":{"type":"string","description_kind":"plain","optional":true,"computed":true},"local_in_allow":{"type":"string","description_kind":"plain","optional":true,"computed":true},"local_in_deny_broadcast":{"type":"string","description_kind":"plain","optional":true,"computed":true},"local_in_deny_unicast":{"type":"string","description_kind":"plain","optional":true,"computed":true},"local_out":{"type":"string","description_kind":"plain","optional":true,"computed":true},"log_invalid_packet":{"type":"string","description_kind":"plain","optional":true,"computed":true},"log_policy_comment":{"type":"string","description_kind":"plain","optional":true,"computed":true},"log_policy_name":{"type":"string","description_kind":"plain","optional":true,"computed":true},"log_user_in_upper":{"type":"string","description_kind":"plain","optional":true,"computed":true},"neighbor_event":{"type":"string","description_kind":"plain","optional":true,"computed":true},"resolve_ip":{"type":"string","description_kind":"plain","optional":true,"computed":true},"resolve_port":{"type":"string","description_kind":"plain","optional":true,"computed":true},"syslog_override":{"type":"string","description_kind":"plain","optional":true,"computed":true},"user_anonymize":{"type":"string","description_kind":"plain","optional":true,"computed":true}},"block_types":{"custom_log_fields":{"nesting_mode":"list","block":{"attributes":{"field_id":{"type":"string","description_kind":"plain","optional":true,"computed":true}},"description_kind":"plain"}}},"description_kind":"plain"}},"fortios_log_syslog_setting":{"version":0,"block":{"attributes":{"facility":{"type":"string","description_kind":"plain","optional":true,"computed":true},"format":{"type":"string","description_kind":"plain","optional":true,"computed":true},"id":{"type":"string","description_kind":"plain","optional":true,"computed":true},"mode":{"type":"string","description_kind":"plain","optional":true,"computed":true},"port":{"type":"string","description_kind":"plain","optional":true,"computed":true},"server":{"type":"string","description_kind":"plain","optional":true,"computed":true},"source_ip":{"type":"string","description_kind":"plain","optional":true,"computed":true},"status":{"type":"string","description_kind":"plain","required":true}},"description_kind":"plain"}},"fortios_log_threatweight":{"version":0,"block":{"attributes":{"blocked_connection":{"type":"string","description_kind":"plain","optional":true,"computed":true},"failed_connection":{"type":"string","description_kind":"plain","optional":true,"computed":true},"id":{"type":"string","description_kind":"plain","optional":true,"computed":true},"status":{"type":"string","description_kind":"plain","optional":true,"computed":true},"url_block_detected":{"type":"string","description_kind":"plain","optional":true,"computed":true}},"block_types":{"application":{"nesting_mode":"list","block":{"attributes":{"category":{"type":"number","description_kind":"plain","optional":true,"computed":true},"id":{"type":"number","description_kind":"plain","optional":true,"computed":true},"level":{"type":"string","description_kind":"plain","optional":true,"computed":true}},"description_kind":"plain"}},"geolocation":{"nesting_mode":"list","block":{"attributes":{"country":{"type":"string","description_kind":"plain","optional":true,"computed":true},"id":{"type":"number","description_kind":"plain","optional":true,"computed":true},"level":{"type":"string","description_kind":"plain","optional":true,"computed":true}},"description_kind":"plain"}},"ips":{"nesting_mode":"list","block":{"attributes":{"critical_severity":{"type":"string","description_kind":"plain","optional":true,"computed":true},"high_severity":{"type":"string","description_kind":"plain","optional":true,"computed":true},"info_severity":{"type":"string","description_kind":"plain","optional":true,"computed":true},"low_severity":{"type":"string","description_kind":"plain","optional":true,"computed":true},"medium_severity":{"type":"string","description_kind":"plain","optional":true,"computed":true}},"description_kind":"plain"},"max_items":1},"level":{"nesting_mode":"list","block":{"attributes":{"critical":{"type":"number","description_kind":"plain","optional":true,"computed":true},"high":{"type":"number","description_kind":"plain","optional":true,"computed":true},"low":{"type":"number","description_kind":"plain","optional":true,"computed":true},"medium":{"type":"number","description_kind":"plain","optional":true,"computed":true}},"description_kind":"plain"},"max_items":1},"malware":{"nesting_mode":"list","block":{"attributes":{"botnet_connection":{"type":"string","description_kind":"plain","optional":true,"computed":true},"command_blocked":{"type":"string","description_kind":"plain","optional":true,"computed":true},"content_disarm":{"type":"string","description_kind":"plain","optional":true,"computed":true},"file_blocked":{"type":"string","description_kind":"plain","optional":true,"computed":true},"mimefragmented":{"type":"string","description_kind":"plain","optional":true,"computed":true},"oversized":{"type":"string","description_kind":"plain","optional":true,"computed":true},"switch_proto":{"type":"string","description_kind":"plain","optional":true,"computed":true},"virus_file_type_executable":{"type":"string","description_kind":"plain","optional":true,"computed":true},"virus_infected":{"type":"string","description_kind":"plain","optional":true,"computed":true},"virus_outbreak_prevention":{"type":"string","description_kind":"plain","optional":true,"computed":true},"virus_scan_error":{"type":"string","description_kind":"plain","optional":true,"computed":true}},"description_kind":"plain"},"max_items":1},"web":{"nesting_mode":"list","block":{"attributes":{"category":{"type":"number","description_kind":"plain","optional":true,"computed":true},"id":{"type":"number","description_kind":"plain","optional":true,"computed":true},"level":{"type":"string","description_kind":"plain","optional":true,"computed":true}},"description_kind":"plain"}}},"description_kind":"plain"}},"fortios_logdisk_filter":{"version":0,"block":{"attributes":{"admin":{"type":"string","description_kind":"plain","optional":true,"computed":true},"anomaly":{"type":"string","description_kind":"plain","optional":true,"computed":true},"auth":{"type":"string","description_kind":"plain","optional":true,"computed":true},"cpu_memory_usage":{"type":"string","description_kind":"plain","optional":true,"computed":true},"dhcp":{"type":"string","description_kind":"plain","optional":true,"computed":true},"dlp_archive":{"type":"string","description_kind":"plain","optional":true,"computed":true},"dns":{"type":"string","description_kind":"plain","optional":true,"computed":true},"event":{"type":"string","description_kind":"plain","optional":true,"computed":true},"filter":{"type":"string","description_kind":"plain","optional":true,"computed":true},"filter_type":{"type":"string","description_kind":"plain","optional":true,"computed":true},"forward_traffic":{"type":"string","description_kind":"plain","optional":true,"computed":true},"gtp":{"type":"string","description_kind":"plain","optional":true,"computed":true},"ha":{"type":"string","description_kind":"plain","optional":true,"computed":true},"id":{"type":"string","description_kind":"plain","optional":true,"computed":true},"ipsec":{"type":"string","description_kind":"plain","optional":true,"computed":true},"ldb_monitor":{"type":"string","description_kind":"plain","optional":true,"computed":true},"local_traffic":{"type":"string","description_kind":"plain","optional":true,"computed":true},"multicast_traffic":{"type":"string","description_kind":"plain","optional":true,"computed":true},"netscan_discovery":{"type":"string","description_kind":"plain","optional":true,"computed":true},"netscan_vulnerability":{"type":"string","description_kind":"plain","optional":true,"computed":true},"pattern":{"type":"string","description_kind":"plain","optional":true,"computed":true},"ppp":{"type":"string","description_kind":"plain","optional":true,"computed":true},"radius":{"type":"string","description_kind":"plain","optional":true,"computed":true},"severity":{"type":"string","description_kind":"plain","optional":true,"computed":true},"sniffer_traffic":{"type":"string","description_kind":"plain","optional":true,"computed":true},"ssh":{"type":"string","description_kind":"plain","optional":true,"computed":true},"sslvpn_log_adm":{"type":"string","description_kind":"plain","optional":true,"computed":true},"sslvpn_log_auth":{"type":"string","description_kind":"plain","optional":true,"computed":true},"sslvpn_log_session":{"type":"string","description_kind":"plain","optional":true,"computed":true},"system":{"type":"string","description_kind":"plain","optional":true,"computed":true},"vip_ssl":{"type":"string","description_kind":"plain","optional":true,"computed":true},"voip":{"type":"string","description_kind":"plain","optional":true,"computed":true},"wan_opt":{"type":"string","description_kind":"plain","optional":true,"computed":true},"wireless_activity":{"type":"string","description_kind":"plain","optional":true,"computed":true}},"description_kind":"plain"}},"fortios_logdisk_setting":{"version":0,"block":{"attributes":{"diskfull":{"type":"string","description_kind":"plain","optional":true,"computed":true},"dlp_archive_quota":{"type":"number","description_kind":"plain","optional":true,"computed":true},"full_final_warning_threshold":{"type":"number","description_kind":"plain","optional":true,"computed":true},"full_first_warning_threshold":{"type":"number","description_kind":"plain","optional":true,"computed":true},"full_second_warning_threshold":{"type":"number","description_kind":"plain","optional":true,"computed":true},"id":{"type":"string","description_kind":"plain","optional":true,"computed":true},"ips_archive":{"type":"string","description_kind":"plain","optional":true,"computed":true},"log_quota":{"type":"number","description_kind":"plain","optional":true,"computed":true},"max_log_file_size":{"type":"number","description_kind":"plain","optional":true,"computed":true},"max_policy_packet_capture_size":{"type":"number","description_kind":"plain","optional":true,"computed":true},"maximum_log_age":{"type":"number","description_kind":"plain","optional":true,"computed":true},"report_quota":{"type":"number","description_kind":"plain","optional":true,"computed":true},"roll_day":{"type":"string","description_kind":"plain","optional":true,"computed":true},"roll_schedule":{"type":"string","description_kind":"plain","optional":true,"computed":true},"roll_time":{"type":"string","description_kind":"plain","optional":true,"computed":true},"source_ip":{"type":"string","description_kind":"plain","optional":true,"computed":true},"status":{"type":"string","description_kind":"plain","required":true},"upload":{"type":"string","description_kind":"plain","optional":true,"computed":true},"upload_delete_files":{"type":"string","description_kind":"plain","optional":true,"computed":true},"upload_destination":{"type":"string","description_kind":"plain","optional":true,"computed":true},"upload_ssl_conn":{"type":"string","description_kind":"plain","optional":true,"computed":true},"uploaddir":{"type":"string","description_kind":"plain","optional":true,"computed":true},"uploadip":{"type":"string","description_kind":"plain","optional":true,"computed":true},"uploadpass":{"type":"string","description_kind":"plain","optional":true},"uploadport":{"type":"number","description_kind":"plain","optional":true,"computed":true},"uploadsched":{"type":"string","description_kind":"plain","optional":true,"computed":true},"uploadtime":{"type":"string","description_kind":"plain","optional":true,"computed":true},"uploadtype":{"type":"string","description_kind":"plain","optional":true,"computed":true},"uploaduser":{"type":"string","description_kind":"plain","optional":true,"computed":true}},"description_kind":"plain"}},"fortios_logfortianalyzer2_filter":{"version":0,"block":{"attributes":{"anomaly":{"type":"string","description_kind":"plain","optional":true,"computed":true},"dlp_archive":{"type":"string","description_kind":"plain","optional":true,"computed":true},"dns":{"type":"string","description_kind":"plain","optional":true,"computed":true},"filter":{"type":"string","description_kind":"plain","optional":true,"computed":true},"filter_type":{"type":"string","description_kind":"plain","optional":true,"computed":true},"forward_traffic":{"type":"string","description_kind":"plain","optional":true,"computed":true},"gtp":{"type":"string","description_kind":"plain","optional":true,"computed":true},"id":{"type":"string","description_kind":"plain","optional":true,"computed":true},"local_traffic":{"type":"string","description_kind":"plain","optional":true,"computed":true},"multicast_traffic":{"type":"string","description_kind":"plain","optional":true,"computed":true},"netscan_discovery":{"type":"string","description_kind":"plain","optional":true,"computed":true},"netscan_vulnerability":{"type":"string","description_kind":"plain","optional":true,"computed":true},"severity":{"type":"string","description_kind":"plain","optional":true,"computed":true},"sniffer_traffic":{"type":"string","description_kind":"plain","optional":true,"computed":true},"ssh":{"type":"string","description_kind":"plain","optional":true,"computed":true},"voip":{"type":"string","description_kind":"plain","optional":true,"computed":true}},"description_kind":"plain"}},"fortios_logfortianalyzer2_overridefilter":{"version":0,"block":{"attributes":{"anomaly":{"type":"string","description_kind":"plain","optional":true,"computed":true},"dlp_archive":{"type":"string","description_kind":"plain","optional":true,"computed":true},"dns":{"type":"string","description_kind":"plain","optional":true,"computed":true},"filter":{"type":"string","description_kind":"plain","optional":true,"computed":true},"filter_type":{"type":"string","description_kind":"plain","optional":true,"computed":true},"forward_traffic":{"type":"string","description_kind":"plain","optional":true,"computed":true},"gtp":{"type":"string","description_kind":"plain","optional":true,"computed":true},"id":{"type":"string","description_kind":"plain","optional":true,"computed":true},"local_traffic":{"type":"string","description_kind":"plain","optional":true,"computed":true},"multicast_traffic":{"type":"string","description_kind":"plain","optional":true,"computed":true},"netscan_discovery":{"type":"string","description_kind":"plain","optional":true,"computed":true},"netscan_vulnerability":{"type":"string","description_kind":"plain","optional":true,"computed":true},"severity":{"type":"string","description_kind":"plain","optional":true,"computed":true},"sniffer_traffic":{"type":"string","description_kind":"plain","optional":true,"computed":true},"ssh":{"type":"string","description_kind":"plain","optional":true,"computed":true},"voip":{"type":"string","description_kind":"plain","optional":true,"computed":true}},"description_kind":"plain"}},"fortios_logfortianalyzer2_overridesetting":{"version":0,"block":{"attributes":{"__change_ip":{"type":"number","description_kind":"plain","optional":true,"computed":true},"certificate":{"type":"string","description_kind":"plain","optional":true,"computed":true},"conn_timeout":{"type":"number","description_kind":"plain","optional":true,"computed":true},"enc_algorithm":{"type":"string","description_kind":"plain","optional":true,"computed":true},"faz_type":{"type":"number","description_kind":"plain","optional":true,"computed":true},"hmac_algorithm":{"type":"string","description_kind":"plain","optional":true,"computed":true},"id":{"type":"string","description_kind":"plain","optional":true,"computed":true},"ips_archive":{"type":"string","description_kind":"plain","optional":true,"computed":true},"mgmt_name":{"type":"string","description_kind":"plain","optional":true,"computed":true},"monitor_failure_retry_period":{"type":"number","description_kind":"plain","optional":true,"computed":true},"monitor_keepalive_period":{"type":"number","description_kind":"plain","optional":true,"computed":true},"override":{"type":"string","description_kind":"plain","optional":true,"computed":true},"reliable":{"type":"string","description_kind":"plain","optional":true,"computed":true},"server":{"type":"string","description_kind":"plain","optional":true,"computed":true},"source_ip":{"type":"string","description_kind":"plain","optional":true,"computed":true},"ssl_min_proto_version":{"type":"string","description_kind":"plain","optional":true,"computed":true},"status":{"type":"string","description_kind":"plain","optional":true,"computed":true},"upload_day":{"type":"string","description_kind":"plain","optional":true,"computed":true},"upload_interval":{"type":"string","description_kind":"plain","optional":true,"computed":true},"upload_option":{"type":"string","description_kind":"plain","optional":true,"computed":true},"upload_time":{"type":"string","description_kind":"plain","optional":true,"computed":true},"use_management_vdom":{"type":"string","description_kind":"plain","optional":true,"computed":true}},"description_kind":"plain"}},"fortios_logfortianalyzer2_setting":{"version":0,"block":{"attributes":{"__change_ip":{"type":"number","description_kind":"plain","optional":true,"computed":true},"certificate":{"type":"string","description_kind":"plain","optional":true,"computed":true},"conn_timeout":{"type":"number","description_kind":"plain","optional":true,"computed":true},"enc_algorithm":{"type":"string","description_kind":"plain","optional":true,"computed":true},"faz_type":{"type":"number","description_kind":"plain","optional":true,"computed":true},"hmac_algorithm":{"type":"string","description_kind":"plain","optional":true,"computed":true},"id":{"type":"string","description_kind":"plain","optional":true,"computed":true},"ips_archive":{"type":"string","description_kind":"plain","optional":true,"computed":true},"mgmt_name":{"type":"string","description_kind":"plain","optional":true,"computed":true},"monitor_failure_retry_period":{"type":"number","description_kind":"plain","optional":true,"computed":true},"monitor_keepalive_period":{"type":"number","description_kind":"plain","optional":true,"computed":true},"reliable":{"type":"string","description_kind":"plain","optional":true,"computed":true},"server":{"type":"string","description_kind":"plain","optional":true,"computed":true},"source_ip":{"type":"string","description_kind":"plain","optional":true,"computed":true},"ssl_min_proto_version":{"type":"string","description_kind":"plain","optional":true,"computed":true},"status":{"type":"string","description_kind":"plain","optional":true,"computed":true},"upload_day":{"type":"string","description_kind":"plain","optional":true,"computed":true},"upload_interval":{"type":"string","description_kind":"plain","optional":true,"computed":true},"upload_option":{"type":"string","description_kind":"plain","optional":true,"computed":true},"upload_time":{"type":"string","description_kind":"plain","optional":true,"computed":true}},"description_kind":"plain"}},"fortios_logfortianalyzer3_filter":{"version":0,"block":{"attributes":{"anomaly":{"type":"string","description_kind":"plain","optional":true,"computed":true},"dlp_archive":{"type":"string","description_kind":"plain","optional":true,"computed":true},"dns":{"type":"string","description_kind":"plain","optional":true,"computed":true},"filter":{"type":"string","description_kind":"plain","optional":true,"computed":true},"filter_type":{"type":"string","description_kind":"plain","optional":true,"computed":true},"forward_traffic":{"type":"string","description_kind":"plain","optional":true,"computed":true},"gtp":{"type":"string","description_kind":"plain","optional":true,"computed":true},"id":{"type":"string","description_kind":"plain","optional":true,"computed":true},"local_traffic":{"type":"string","description_kind":"plain","optional":true,"computed":true},"multicast_traffic":{"type":"string","description_kind":"plain","optional":true,"computed":true},"netscan_discovery":{"type":"string","description_kind":"plain","optional":true,"computed":true},"netscan_vulnerability":{"type":"string","description_kind":"plain","optional":true,"computed":true},"severity":{"type":"string","description_kind":"plain","optional":true,"computed":true},"sniffer_traffic":{"type":"string","description_kind":"plain","optional":true,"computed":true},"ssh":{"type":"string","description_kind":"plain","optional":true,"computed":true},"voip":{"type":"string","description_kind":"plain","optional":true,"computed":true}},"description_kind":"plain"}},"fortios_logfortianalyzer3_overridefilter":{"version":0,"block":{"attributes":{"anomaly":{"type":"string","description_kind":"plain","optional":true,"computed":true},"dlp_archive":{"type":"string","description_kind":"plain","optional":true,"computed":true},"dns":{"type":"string","description_kind":"plain","optional":true,"computed":true},"filter":{"type":"string","description_kind":"plain","optional":true,"computed":true},"filter_type":{"type":"string","description_kind":"plain","optional":true,"computed":true},"forward_traffic":{"type":"string","description_kind":"plain","optional":true,"computed":true},"gtp":{"type":"string","description_kind":"plain","optional":true,"computed":true},"id":{"type":"string","description_kind":"plain","optional":true,"computed":true},"local_traffic":{"type":"string","description_kind":"plain","optional":true,"computed":true},"multicast_traffic":{"type":"string","description_kind":"plain","optional":true,"computed":true},"netscan_discovery":{"type":"string","description_kind":"plain","optional":true,"computed":true},"netscan_vulnerability":{"type":"string","description_kind":"plain","optional":true,"computed":true},"severity":{"type":"string","description_kind":"plain","optional":true,"computed":true},"sniffer_traffic":{"type":"string","description_kind":"plain","optional":true,"computed":true},"ssh":{"type":"string","description_kind":"plain","optional":true,"computed":true},"voip":{"type":"string","description_kind":"plain","optional":true,"computed":true}},"description_kind":"plain"}},"fortios_logfortianalyzer3_overridesetting":{"version":0,"block":{"attributes":{"__change_ip":{"type":"number","description_kind":"plain","optional":true,"computed":true},"certificate":{"type":"string","description_kind":"plain","optional":true,"computed":true},"conn_timeout":{"type":"number","description_kind":"plain","optional":true,"computed":true},"enc_algorithm":{"type":"string","description_kind":"plain","optional":true,"computed":true},"faz_type":{"type":"number","description_kind":"plain","optional":true,"computed":true},"hmac_algorithm":{"type":"string","description_kind":"plain","optional":true,"computed":true},"id":{"type":"string","description_kind":"plain","optional":true,"computed":true},"ips_archive":{"type":"string","description_kind":"plain","optional":true,"computed":true},"mgmt_name":{"type":"string","description_kind":"plain","optional":true,"computed":true},"monitor_failure_retry_period":{"type":"number","description_kind":"plain","optional":true,"computed":true},"monitor_keepalive_period":{"type":"number","description_kind":"plain","optional":true,"computed":true},"override":{"type":"string","description_kind":"plain","optional":true,"computed":true},"reliable":{"type":"string","description_kind":"plain","optional":true,"computed":true},"server":{"type":"string","description_kind":"plain","optional":true,"computed":true},"source_ip":{"type":"string","description_kind":"plain","optional":true,"computed":true},"ssl_min_proto_version":{"type":"string","description_kind":"plain","optional":true,"computed":true},"status":{"type":"string","description_kind":"plain","optional":true,"computed":true},"upload_day":{"type":"string","description_kind":"plain","optional":true,"computed":true},"upload_interval":{"type":"string","description_kind":"plain","optional":true,"computed":true},"upload_option":{"type":"string","description_kind":"plain","optional":true,"computed":true},"upload_time":{"type":"string","description_kind":"plain","optional":true,"computed":true},"use_management_vdom":{"type":"string","description_kind":"plain","optional":true,"computed":true}},"description_kind":"plain"}},"fortios_logfortianalyzer3_setting":{"version":0,"block":{"attributes":{"__change_ip":{"type":"number","description_kind":"plain","optional":true,"computed":true},"certificate":{"type":"string","description_kind":"plain","optional":true,"computed":true},"conn_timeout":{"type":"number","description_kind":"plain","optional":true,"computed":true},"enc_algorithm":{"type":"string","description_kind":"plain","optional":true,"computed":true},"faz_type":{"type":"number","description_kind":"plain","optional":true,"computed":true},"hmac_algorithm":{"type":"string","description_kind":"plain","optional":true,"computed":true},"id":{"type":"string","description_kind":"plain","optional":true,"computed":true},"ips_archive":{"type":"string","description_kind":"plain","optional":true,"computed":true},"mgmt_name":{"type":"string","description_kind":"plain","optional":true,"computed":true},"monitor_failure_retry_period":{"type":"number","description_kind":"plain","optional":true,"computed":true},"monitor_keepalive_period":{"type":"number","description_kind":"plain","optional":true,"computed":true},"reliable":{"type":"string","description_kind":"plain","optional":true,"computed":true},"server":{"type":"string","description_kind":"plain","optional":true,"computed":true},"source_ip":{"type":"string","description_kind":"plain","optional":true,"computed":true},"ssl_min_proto_version":{"type":"string","description_kind":"plain","optional":true,"computed":true},"status":{"type":"string","description_kind":"plain","optional":true,"computed":true},"upload_day":{"type":"string","description_kind":"plain","optional":true,"computed":true},"upload_interval":{"type":"string","description_kind":"plain","optional":true,"computed":true},"upload_option":{"type":"string","description_kind":"plain","optional":true,"computed":true},"upload_time":{"type":"string","description_kind":"plain","optional":true,"computed":true}},"description_kind":"plain"}},"fortios_logfortianalyzer_filter":{"version":0,"block":{"attributes":{"anomaly":{"type":"string","description_kind":"plain","optional":true,"computed":true},"dlp_archive":{"type":"string","description_kind":"plain","optional":true,"computed":true},"dns":{"type":"string","description_kind":"plain","optional":true,"computed":true},"filter":{"type":"string","description_kind":"plain","optional":true,"computed":true},"filter_type":{"type":"string","description_kind":"plain","optional":true,"computed":true},"forward_traffic":{"type":"string","description_kind":"plain","optional":true,"computed":true},"gtp":{"type":"string","description_kind":"plain","optional":true,"computed":true},"id":{"type":"string","description_kind":"plain","optional":true,"computed":true},"local_traffic":{"type":"string","description_kind":"plain","optional":true,"computed":true},"multicast_traffic":{"type":"string","description_kind":"plain","optional":true,"computed":true},"netscan_discovery":{"type":"string","description_kind":"plain","optional":true,"computed":true},"netscan_vulnerability":{"type":"string","description_kind":"plain","optional":true,"computed":true},"severity":{"type":"string","description_kind":"plain","optional":true,"computed":true},"sniffer_traffic":{"type":"string","description_kind":"plain","optional":true,"computed":true},"ssh":{"type":"string","description_kind":"plain","optional":true,"computed":true},"voip":{"type":"string","description_kind":"plain","optional":true,"computed":true}},"description_kind":"plain"}},"fortios_logfortianalyzer_overridefilter":{"version":0,"block":{"attributes":{"anomaly":{"type":"string","description_kind":"plain","optional":true,"computed":true},"dlp_archive":{"type":"string","description_kind":"plain","optional":true,"computed":true},"dns":{"type":"string","description_kind":"plain","optional":true,"computed":true},"filter":{"type":"string","description_kind":"plain","optional":true,"computed":true},"filter_type":{"type":"string","description_kind":"plain","optional":true,"computed":true},"forward_traffic":{"type":"string","description_kind":"plain","optional":true,"computed":true},"gtp":{"type":"string","description_kind":"plain","optional":true,"computed":true},"id":{"type":"string","description_kind":"plain","optional":true,"computed":true},"local_traffic":{"type":"string","description_kind":"plain","optional":true,"computed":true},"multicast_traffic":{"type":"string","description_kind":"plain","optional":true,"computed":true},"netscan_discovery":{"type":"string","description_kind":"plain","optional":true,"computed":true},"netscan_vulnerability":{"type":"string","description_kind":"plain","optional":true,"computed":true},"severity":{"type":"string","description_kind":"plain","optional":true,"computed":true},"sniffer_traffic":{"type":"string","description_kind":"plain","optional":true,"computed":true},"ssh":{"type":"string","description_kind":"plain","optional":true,"computed":true},"voip":{"type":"string","description_kind":"plain","optional":true,"computed":true}},"description_kind":"plain"}},"fortios_logfortianalyzer_overridesetting":{"version":0,"block":{"attributes":{"__change_ip":{"type":"number","description_kind":"plain","optional":true,"computed":true},"certificate":{"type":"string","description_kind":"plain","optional":true,"computed":true},"conn_timeout":{"type":"number","description_kind":"plain","optional":true,"computed":true},"enc_algorithm":{"type":"string","description_kind":"plain","optional":true,"computed":true},"faz_type":{"type":"number","description_kind":"plain","optional":true,"computed":true},"hmac_algorithm":{"type":"string","description_kind":"plain","optional":true,"computed":true},"id":{"type":"string","description_kind":"plain","optional":true,"computed":true},"ips_archive":{"type":"string","description_kind":"plain","optional":true,"computed":true},"mgmt_name":{"type":"string","description_kind":"plain","optional":true,"computed":true},"monitor_failure_retry_period":{"type":"number","description_kind":"plain","optional":true,"computed":true},"monitor_keepalive_period":{"type":"number","description_kind":"plain","optional":true,"computed":true},"override":{"type":"string","description_kind":"plain","optional":true,"computed":true},"reliable":{"type":"string","description_kind":"plain","optional":true,"computed":true},"server":{"type":"string","description_kind":"plain","optional":true,"computed":true},"source_ip":{"type":"string","description_kind":"plain","optional":true,"computed":true},"ssl_min_proto_version":{"type":"string","description_kind":"plain","optional":true,"computed":true},"status":{"type":"string","description_kind":"plain","optional":true,"computed":true},"upload_day":{"type":"string","description_kind":"plain","optional":true,"computed":true},"upload_interval":{"type":"string","description_kind":"plain","optional":true,"computed":true},"upload_option":{"type":"string","description_kind":"plain","optional":true,"computed":true},"upload_time":{"type":"string","description_kind":"plain","optional":true,"computed":true},"use_management_vdom":{"type":"string","description_kind":"plain","optional":true,"computed":true}},"description_kind":"plain"}},"fortios_logfortianalyzer_setting":{"version":0,"block":{"attributes":{"__change_ip":{"type":"number","description_kind":"plain","optional":true,"computed":true},"certificate":{"type":"string","description_kind":"plain","optional":true,"computed":true},"conn_timeout":{"type":"number","description_kind":"plain","optional":true,"computed":true},"enc_algorithm":{"type":"string","description_kind":"plain","optional":true,"computed":true},"faz_type":{"type":"number","description_kind":"plain","optional":true,"computed":true},"hmac_algorithm":{"type":"string","description_kind":"plain","optional":true,"computed":true},"id":{"type":"string","description_kind":"plain","optional":true,"computed":true},"ips_archive":{"type":"string","description_kind":"plain","optional":true,"computed":true},"mgmt_name":{"type":"string","description_kind":"plain","optional":true,"computed":true},"monitor_failure_retry_period":{"type":"number","description_kind":"plain","optional":true,"computed":true},"monitor_keepalive_period":{"type":"number","description_kind":"plain","optional":true,"computed":true},"reliable":{"type":"string","description_kind":"plain","optional":true,"computed":true},"server":{"type":"string","description_kind":"plain","optional":true,"computed":true},"source_ip":{"type":"string","description_kind":"plain","optional":true,"computed":true},"ssl_min_proto_version":{"type":"string","description_kind":"plain","optional":true,"computed":true},"status":{"type":"string","description_kind":"plain","optional":true,"computed":true},"upload_day":{"type":"string","description_kind":"plain","optional":true,"computed":true},"upload_interval":{"type":"string","description_kind":"plain","optional":true,"computed":true},"upload_option":{"type":"string","description_kind":"plain","optional":true,"computed":true},"upload_time":{"type":"string","description_kind":"plain","optional":true,"computed":true}},"description_kind":"plain"}},"fortios_logfortiguard_filter":{"version":0,"block":{"attributes":{"anomaly":{"type":"string","description_kind":"plain","optional":true,"computed":true},"dlp_archive":{"type":"string","description_kind":"plain","optional":true,"computed":true},"dns":{"type":"string","description_kind":"plain","optional":true,"computed":true},"filter":{"type":"string","description_kind":"plain","optional":true,"computed":true},"filter_type":{"type":"string","description_kind":"plain","optional":true,"computed":true},"forward_traffic":{"type":"string","description_kind":"plain","optional":true,"computed":true},"gtp":{"type":"string","description_kind":"plain","optional":true,"computed":true},"id":{"type":"string","description_kind":"plain","optional":true,"computed":true},"local_traffic":{"type":"string","description_kind":"plain","optional":true,"computed":true},"multicast_traffic":{"type":"string","description_kind":"plain","optional":true,"computed":true},"netscan_discovery":{"type":"string","description_kind":"plain","optional":true,"computed":true},"netscan_vulnerability":{"type":"string","description_kind":"plain","optional":true,"computed":true},"severity":{"type":"string","description_kind":"plain","optional":true,"computed":true},"sniffer_traffic":{"type":"string","description_kind":"plain","optional":true,"computed":true},"ssh":{"type":"string","description_kind":"plain","optional":true,"computed":true},"voip":{"type":"string","description_kind":"plain","optional":true,"computed":true}},"description_kind":"plain"}},"fortios_logfortiguard_overridefilter":{"version":0,"block":{"attributes":{"anomaly":{"type":"string","description_kind":"plain","optional":true,"computed":true},"dlp_archive":{"type":"string","description_kind":"plain","optional":true,"computed":true},"dns":{"type":"string","description_kind":"plain","optional":true,"computed":true},"filter":{"type":"string","description_kind":"plain","optional":true,"computed":true},"filter_type":{"type":"string","description_kind":"plain","optional":true,"computed":true},"forward_traffic":{"type":"string","description_kind":"plain","optional":true,"computed":true},"gtp":{"type":"string","description_kind":"plain","optional":true,"computed":true},"id":{"type":"string","description_kind":"plain","optional":true,"computed":true},"local_traffic":{"type":"string","description_kind":"plain","optional":true,"computed":true},"multicast_traffic":{"type":"string","description_kind":"plain","optional":true,"computed":true},"netscan_discovery":{"type":"string","description_kind":"plain","optional":true,"computed":true},"netscan_vulnerability":{"type":"string","description_kind":"plain","optional":true,"computed":true},"severity":{"type":"string","description_kind":"plain","optional":true,"computed":true},"sniffer_traffic":{"type":"string","description_kind":"plain","optional":true,"computed":true},"ssh":{"type":"string","description_kind":"plain","optional":true,"computed":true},"voip":{"type":"string","description_kind":"plain","optional":true,"computed":true}},"description_kind":"plain"}},"fortios_logfortiguard_overridesetting":{"version":0,"block":{"attributes":{"id":{"type":"string","description_kind":"plain","optional":true,"computed":true},"override":{"type":"string","description_kind":"plain","optional":true,"computed":true},"status":{"type":"string","description_kind":"plain","optional":true,"computed":true},"upload_day":{"type":"string","description_kind":"plain","optional":true,"computed":true},"upload_interval":{"type":"string","description_kind":"plain","optional":true,"computed":true},"upload_option":{"type":"string","description_kind":"plain","optional":true,"computed":true},"upload_time":{"type":"string","description_kind":"plain","optional":true,"computed":true}},"description_kind":"plain"}},"fortios_logfortiguard_setting":{"version":0,"block":{"attributes":{"enc_algorithm":{"type":"string","description_kind":"plain","optional":true,"computed":true},"id":{"type":"string","description_kind":"plain","optional":true,"computed":true},"source_ip":{"type":"string","description_kind":"plain","optional":true,"computed":true},"ssl_min_proto_version":{"type":"string","description_kind":"plain","optional":true,"computed":true},"status":{"type":"string","description_kind":"plain","optional":true,"computed":true},"upload_day":{"type":"string","description_kind":"plain","optional":true,"computed":true},"upload_interval":{"type":"string","description_kind":"plain","optional":true,"computed":true},"upload_option":{"type":"string","description_kind":"plain","optional":true,"computed":true},"upload_time":{"type":"string","description_kind":"plain","optional":true,"computed":true}},"description_kind":"plain"}},"fortios_logmemory_filter":{"version":0,"block":{"attributes":{"admin":{"type":"string","description_kind":"plain","optional":true,"computed":true},"anomaly":{"type":"string","description_kind":"plain","optional":true,"computed":true},"auth":{"type":"string","description_kind":"plain","optional":true,"computed":true},"cpu_memory_usage":{"type":"string","description_kind":"plain","optional":true,"computed":true},"dhcp":{"type":"string","description_kind":"plain","optional":true,"computed":true},"dns":{"type":"string","description_kind":"plain","optional":true,"computed":true},"event":{"type":"string","description_kind":"plain","optional":true,"computed":true},"filter":{"type":"string","description_kind":"plain","optional":true,"computed":true},"filter_type":{"type":"string","description_kind":"plain","optional":true,"computed":true},"forward_traffic":{"type":"string","description_kind":"plain","optional":true,"computed":true},"gtp":{"type":"string","description_kind":"plain","optional":true,"computed":true},"ha":{"type":"string","description_kind":"plain","optional":true,"computed":true},"id":{"type":"string","description_kind":"plain","optional":true,"computed":true},"ipsec":{"type":"string","description_kind":"plain","optional":true,"computed":true},"ldb_monitor":{"type":"string","description_kind":"plain","optional":true,"computed":true},"local_traffic":{"type":"string","description_kind":"plain","optional":true,"computed":true},"multicast_traffic":{"type":"string","description_kind":"plain","optional":true,"computed":true},"netscan_discovery":{"type":"string","description_kind":"plain","optional":true,"computed":true},"netscan_vulnerability":{"type":"string","description_kind":"plain","optional":true,"computed":true},"pattern":{"type":"string","description_kind":"plain","optional":true,"computed":true},"ppp":{"type":"string","description_kind":"plain","optional":true,"computed":true},"radius":{"type":"string","description_kind":"plain","optional":true,"computed":true},"severity":{"type":"string","description_kind":"plain","optional":true,"computed":true},"sniffer_traffic":{"type":"string","description_kind":"plain","optional":true,"computed":true},"ssh":{"type":"string","description_kind":"plain","optional":true,"computed":true},"sslvpn_log_adm":{"type":"string","description_kind":"plain","optional":true,"computed":true},"sslvpn_log_auth":{"type":"string","description_kind":"plain","optional":true,"computed":true},"sslvpn_log_session":{"type":"string","description_kind":"plain","optional":true,"computed":true},"system":{"type":"string","description_kind":"plain","optional":true,"computed":true},"vip_ssl":{"type":"string","description_kind":"plain","optional":true,"computed":true},"voip":{"type":"string","description_kind":"plain","optional":true,"computed":true},"wan_opt":{"type":"string","description_kind":"plain","optional":true,"computed":true},"wireless_activity":{"type":"string","description_kind":"plain","optional":true,"computed":true}},"description_kind":"plain"}},"fortios_logmemory_globalsetting":{"version":0,"block":{"attributes":{"full_final_warning_threshold":{"type":"number","description_kind":"plain","optional":true,"computed":true},"full_first_warning_threshold":{"type":"number","description_kind":"plain","optional":true,"computed":true},"full_second_warning_threshold":{"type":"number","description_kind":"plain","optional":true,"computed":true},"id":{"type":"string","description_kind":"plain","optional":true,"computed":true},"max_size":{"type":"number","description_kind":"plain","optional":true,"computed":true}},"description_kind":"plain"}},"fortios_logmemory_setting":{"version":0,"block":{"attributes":{"diskfull":{"type":"string","description_kind":"plain","optional":true,"computed":true},"id":{"type":"string","description_kind":"plain","optional":true,"computed":true},"status":{"type":"string","description_kind":"plain","optional":true,"computed":true}},"description_kind":"plain"}},"fortios_lognulldevice_filter":{"version":0,"block":{"attributes":{"anomaly":{"type":"string","description_kind":"plain","optional":true,"computed":true},"dns":{"type":"string","description_kind":"plain","optional":true,"computed":true},"filter":{"type":"string","description_kind":"plain","optional":true,"computed":true},"filter_type":{"type":"string","description_kind":"plain","optional":true,"computed":true},"forward_traffic":{"type":"string","description_kind":"plain","optional":true,"computed":true},"gtp":{"type":"string","description_kind":"plain","optional":true,"computed":true},"id":{"type":"string","description_kind":"plain","optional":true,"computed":true},"local_traffic":{"type":"string","description_kind":"plain","optional":true,"computed":true},"multicast_traffic":{"type":"string","description_kind":"plain","optional":true,"computed":true},"netscan_discovery":{"type":"string","description_kind":"plain","optional":true,"computed":true},"netscan_vulnerability":{"type":"string","description_kind":"plain","optional":true,"computed":true},"severity":{"type":"string","description_kind":"plain","optional":true,"computed":true},"sniffer_traffic":{"type":"string","description_kind":"plain","optional":true,"computed":true},"ssh":{"type":"string","description_kind":"plain","optional":true,"computed":true},"voip":{"type":"string","description_kind":"plain","optional":true,"computed":true}},"description_kind":"plain"}},"fortios_lognulldevice_setting":{"version":0,"block":{"attributes":{"id":{"type":"string","description_kind":"plain","optional":true,"computed":true},"status":{"type":"string","description_kind":"plain","required":true}},"description_kind":"plain"}},"fortios_logsyslogd2_filter":{"version":0,"block":{"attributes":{"anomaly":{"type":"string","description_kind":"plain","optional":true,"computed":true},"dns":{"type":"string","description_kind":"plain","optional":true,"computed":true},"filter":{"type":"string","description_kind":"plain","optional":true,"computed":true},"filter_type":{"type":"string","description_kind":"plain","optional":true,"computed":true},"forward_traffic":{"type":"string","description_kind":"plain","optional":true,"computed":true},"gtp":{"type":"string","description_kind":"plain","optional":true,"computed":true},"id":{"type":"string","description_kind":"plain","optional":true,"computed":true},"local_traffic":{"type":"string","description_kind":"plain","optional":true,"computed":true},"multicast_traffic":{"type":"string","description_kind":"plain","optional":true,"computed":true},"netscan_discovery":{"type":"string","description_kind":"plain","optional":true,"computed":true},"netscan_vulnerability":{"type":"string","description_kind":"plain","optional":true,"computed":true},"severity":{"type":"string","description_kind":"plain","optional":true,"computed":true},"sniffer_traffic":{"type":"string","description_kind":"plain","optional":true,"computed":true},"ssh":{"type":"string","description_kind":"plain","optional":true,"computed":true},"voip":{"type":"string","description_kind":"plain","optional":true,"computed":true}},"description_kind":"plain"}},"fortios_logsyslogd2_overridefilter":{"version":0,"block":{"attributes":{"anomaly":{"type":"string","description_kind":"plain","optional":true,"computed":true},"dns":{"type":"string","description_kind":"plain","optional":true,"computed":true},"filter":{"type":"string","description_kind":"plain","optional":true,"computed":true},"filter_type":{"type":"string","description_kind":"plain","optional":true,"computed":true},"forward_traffic":{"type":"string","description_kind":"plain","optional":true,"computed":true},"gtp":{"type":"string","description_kind":"plain","optional":true,"computed":true},"id":{"type":"string","description_kind":"plain","optional":true,"computed":true},"local_traffic":{"type":"string","description_kind":"plain","optional":true,"computed":true},"multicast_traffic":{"type":"string","description_kind":"plain","optional":true,"computed":true},"netscan_discovery":{"type":"string","description_kind":"plain","optional":true,"computed":true},"netscan_vulnerability":{"type":"string","description_kind":"plain","optional":true,"computed":true},"severity":{"type":"string","description_kind":"plain","optional":true,"computed":true},"sniffer_traffic":{"type":"string","description_kind":"plain","optional":true,"computed":true},"ssh":{"type":"string","description_kind":"plain","optional":true,"computed":true},"voip":{"type":"string","description_kind":"plain","optional":true,"computed":true}},"description_kind":"plain"}},"fortios_logsyslogd2_overridesetting":{"version":0,"block":{"attributes":{"certificate":{"type":"string","description_kind":"plain","optional":true,"computed":true},"enc_algorithm":{"type":"string","description_kind":"plain","optional":true,"computed":true},"facility":{"type":"string","description_kind":"plain","optional":true,"computed":true},"format":{"type":"string","description_kind":"plain","optional":true,"computed":true},"id":{"type":"string","description_kind":"plain","optional":true,"computed":true},"mode":{"type":"string","description_kind":"plain","optional":true,"computed":true},"override":{"type":"string","description_kind":"plain","optional":true,"computed":true},"port":{"type":"number","description_kind":"plain","optional":true,"computed":true},"server":{"type":"string","description_kind":"plain","optional":true,"computed":true},"source_ip":{"type":"string","description_kind":"plain","optional":true,"computed":true},"ssl_min_proto_version":{"type":"string","description_kind":"plain","optional":true,"computed":true},"status":{"type":"string","description_kind":"plain","optional":true,"computed":true},"syslog_type":{"type":"number","description_kind":"plain","optional":true,"computed":true}},"block_types":{"custom_field_name":{"nesting_mode":"list","block":{"attributes":{"custom":{"type":"string","description_kind":"plain","optional":true,"computed":true},"id":{"type":"number","description_kind":"plain","optional":true,"computed":true},"name":{"type":"string","description_kind":"plain","optional":true,"computed":true}},"description_kind":"plain"}}},"description_kind":"plain"}},"fortios_logsyslogd2_setting":{"version":0,"block":{"attributes":{"certificate":{"type":"string","description_kind":"plain","optional":true,"computed":true},"enc_algorithm":{"type":"string","description_kind":"plain","optional":true,"computed":true},"facility":{"type":"string","description_kind":"plain","optional":true,"computed":true},"format":{"type":"string","description_kind":"plain","optional":true,"computed":true},"id":{"type":"string","description_kind":"plain","optional":true,"computed":true},"mode":{"type":"string","description_kind":"plain","optional":true,"computed":true},"port":{"type":"number","description_kind":"plain","optional":true,"computed":true},"server":{"type":"string","description_kind":"plain","optional":true,"computed":true},"source_ip":{"type":"string","description_kind":"plain","optional":true,"computed":true},"ssl_min_proto_version":{"type":"string","description_kind":"plain","optional":true,"computed":true},"status":{"type":"string","description_kind":"plain","optional":true,"computed":true},"syslog_type":{"type":"number","description_kind":"plain","optional":true,"computed":true}},"block_types":{"custom_field_name":{"nesting_mode":"list","block":{"attributes":{"custom":{"type":"string","description_kind":"plain","optional":true,"computed":true},"id":{"type":"number","description_kind":"plain","optional":true,"computed":true},"name":{"type":"string","description_kind":"plain","optional":true,"computed":true}},"description_kind":"plain"}}},"description_kind":"plain"}},"fortios_logsyslogd3_filter":{"version":0,"block":{"attributes":{"anomaly":{"type":"string","description_kind":"plain","optional":true,"computed":true},"dns":{"type":"string","description_kind":"plain","optional":true,"computed":true},"filter":{"type":"string","description_kind":"plain","optional":true,"computed":true},"filter_type":{"type":"string","description_kind":"plain","optional":true,"computed":true},"forward_traffic":{"type":"string","description_kind":"plain","optional":true,"computed":true},"gtp":{"type":"string","description_kind":"plain","optional":true,"computed":true},"id":{"type":"string","description_kind":"plain","optional":true,"computed":true},"local_traffic":{"type":"string","description_kind":"plain","optional":true,"computed":true},"multicast_traffic":{"type":"string","description_kind":"plain","optional":true,"computed":true},"netscan_discovery":{"type":"string","description_kind":"plain","optional":true,"computed":true},"netscan_vulnerability":{"type":"string","description_kind":"plain","optional":true,"computed":true},"severity":{"type":"string","description_kind":"plain","optional":true,"computed":true},"sniffer_traffic":{"type":"string","description_kind":"plain","optional":true,"computed":true},"ssh":{"type":"string","description_kind":"plain","optional":true,"computed":true},"voip":{"type":"string","description_kind":"plain","optional":true,"computed":true}},"description_kind":"plain"}},"fortios_logsyslogd3_overridefilter":{"version":0,"block":{"attributes":{"anomaly":{"type":"string","description_kind":"plain","optional":true,"computed":true},"dns":{"type":"string","description_kind":"plain","optional":true,"computed":true},"filter":{"type":"string","description_kind":"plain","optional":true,"computed":true},"filter_type":{"type":"string","description_kind":"plain","optional":true,"computed":true},"forward_traffic":{"type":"string","description_kind":"plain","optional":true,"computed":true},"gtp":{"type":"string","description_kind":"plain","optional":true,"computed":true},"id":{"type":"string","description_kind":"plain","optional":true,"computed":true},"local_traffic":{"type":"string","description_kind":"plain","optional":true,"computed":true},"multicast_traffic":{"type":"string","description_kind":"plain","optional":true,"computed":true},"netscan_discovery":{"type":"string","description_kind":"plain","optional":true,"computed":true},"netscan_vulnerability":{"type":"string","description_kind":"plain","optional":true,"computed":true},"severity":{"type":"string","description_kind":"plain","optional":true,"computed":true},"sniffer_traffic":{"type":"string","description_kind":"plain","optional":true,"computed":true},"ssh":{"type":"string","description_kind":"plain","optional":true,"computed":true},"voip":{"type":"string","description_kind":"plain","optional":true,"computed":true}},"description_kind":"plain"}},"fortios_logsyslogd3_overridesetting":{"version":0,"block":{"attributes":{"certificate":{"type":"string","description_kind":"plain","optional":true,"computed":true},"enc_algorithm":{"type":"string","description_kind":"plain","optional":true,"computed":true},"facility":{"type":"string","description_kind":"plain","optional":true,"computed":true},"format":{"type":"string","description_kind":"plain","optional":true,"computed":true},"id":{"type":"string","description_kind":"plain","optional":true,"computed":true},"mode":{"type":"string","description_kind":"plain","optional":true,"computed":true},"override":{"type":"string","description_kind":"plain","optional":true,"computed":true},"port":{"type":"number","description_kind":"plain","optional":true,"computed":true},"server":{"type":"string","description_kind":"plain","optional":true,"computed":true},"source_ip":{"type":"string","description_kind":"plain","optional":true,"computed":true},"ssl_min_proto_version":{"type":"string","description_kind":"plain","optional":true,"computed":true},"status":{"type":"string","description_kind":"plain","optional":true,"computed":true},"syslog_type":{"type":"number","description_kind":"plain","optional":true,"computed":true}},"block_types":{"custom_field_name":{"nesting_mode":"list","block":{"attributes":{"custom":{"type":"string","description_kind":"plain","optional":true,"computed":true},"id":{"type":"number","description_kind":"plain","optional":true,"computed":true},"name":{"type":"string","description_kind":"plain","optional":true,"computed":true}},"description_kind":"plain"}}},"description_kind":"plain"}},"fortios_logsyslogd3_setting":{"version":0,"block":{"attributes":{"certificate":{"type":"string","description_kind":"plain","optional":true,"computed":true},"enc_algorithm":{"type":"string","description_kind":"plain","optional":true,"computed":true},"facility":{"type":"string","description_kind":"plain","optional":true,"computed":true},"format":{"type":"string","description_kind":"plain","optional":true,"computed":true},"id":{"type":"string","description_kind":"plain","optional":true,"computed":true},"mode":{"type":"string","description_kind":"plain","optional":true,"computed":true},"port":{"type":"number","description_kind":"plain","optional":true,"computed":true},"server":{"type":"string","description_kind":"plain","optional":true,"computed":true},"source_ip":{"type":"string","description_kind":"plain","optional":true,"computed":true},"ssl_min_proto_version":{"type":"string","description_kind":"plain","optional":true,"computed":true},"status":{"type":"string","description_kind":"plain","optional":true,"computed":true},"syslog_type":{"type":"number","description_kind":"plain","optional":true,"computed":true}},"block_types":{"custom_field_name":{"nesting_mode":"list","block":{"attributes":{"custom":{"type":"string","description_kind":"plain","optional":true,"computed":true},"id":{"type":"number","description_kind":"plain","optional":true,"computed":true},"name":{"type":"string","description_kind":"plain","optional":true,"computed":true}},"description_kind":"plain"}}},"description_kind":"plain"}},"fortios_logsyslogd4_filter":{"version":0,"block":{"attributes":{"anomaly":{"type":"string","description_kind":"plain","optional":true,"computed":true},"dns":{"type":"string","description_kind":"plain","optional":true,"computed":true},"filter":{"type":"string","description_kind":"plain","optional":true,"computed":true},"filter_type":{"type":"string","description_kind":"plain","optional":true,"computed":true},"forward_traffic":{"type":"string","description_kind":"plain","optional":true,"computed":true},"gtp":{"type":"string","description_kind":"plain","optional":true,"computed":true},"id":{"type":"string","description_kind":"plain","optional":true,"computed":true},"local_traffic":{"type":"string","description_kind":"plain","optional":true,"computed":true},"multicast_traffic":{"type":"string","description_kind":"plain","optional":true,"computed":true},"netscan_discovery":{"type":"string","description_kind":"plain","optional":true,"computed":true},"netscan_vulnerability":{"type":"string","description_kind":"plain","optional":true,"computed":true},"severity":{"type":"string","description_kind":"plain","optional":true,"computed":true},"sniffer_traffic":{"type":"string","description_kind":"plain","optional":true,"computed":true},"ssh":{"type":"string","description_kind":"plain","optional":true,"computed":true},"voip":{"type":"string","description_kind":"plain","optional":true,"computed":true}},"description_kind":"plain"}},"fortios_logsyslogd4_overridefilter":{"version":0,"block":{"attributes":{"anomaly":{"type":"string","description_kind":"plain","optional":true,"computed":true},"dns":{"type":"string","description_kind":"plain","optional":true,"computed":true},"filter":{"type":"string","description_kind":"plain","optional":true,"computed":true},"filter_type":{"type":"string","description_kind":"plain","optional":true,"computed":true},"forward_traffic":{"type":"string","description_kind":"plain","optional":true,"computed":true},"gtp":{"type":"string","description_kind":"plain","optional":true,"computed":true},"id":{"type":"string","description_kind":"plain","optional":true,"computed":true},"local_traffic":{"type":"string","description_kind":"plain","optional":true,"computed":true},"multicast_traffic":{"type":"string","description_kind":"plain","optional":true,"computed":true},"netscan_discovery":{"type":"string","description_kind":"plain","optional":true,"computed":true},"netscan_vulnerability":{"type":"string","description_kind":"plain","optional":true,"computed":true},"severity":{"type":"string","description_kind":"plain","optional":true,"computed":true},"sniffer_traffic":{"type":"string","description_kind":"plain","optional":true,"computed":true},"ssh":{"type":"string","description_kind":"plain","optional":true,"computed":true},"voip":{"type":"string","description_kind":"plain","optional":true,"computed":true}},"description_kind":"plain"}},"fortios_logsyslogd4_overridesetting":{"version":0,"block":{"attributes":{"certificate":{"type":"string","description_kind":"plain","optional":true,"computed":true},"enc_algorithm":{"type":"string","description_kind":"plain","optional":true,"computed":true},"facility":{"type":"string","description_kind":"plain","optional":true,"computed":true},"format":{"type":"string","description_kind":"plain","optional":true,"computed":true},"id":{"type":"string","description_kind":"plain","optional":true,"computed":true},"mode":{"type":"string","description_kind":"plain","optional":true,"computed":true},"override":{"type":"string","description_kind":"plain","optional":true,"computed":true},"port":{"type":"number","description_kind":"plain","optional":true,"computed":true},"server":{"type":"string","description_kind":"plain","optional":true,"computed":true},"source_ip":{"type":"string","description_kind":"plain","optional":true,"computed":true},"ssl_min_proto_version":{"type":"string","description_kind":"plain","optional":true,"computed":true},"status":{"type":"string","description_kind":"plain","optional":true,"computed":true},"syslog_type":{"type":"number","description_kind":"plain","optional":true,"computed":true}},"block_types":{"custom_field_name":{"nesting_mode":"list","block":{"attributes":{"custom":{"type":"string","description_kind":"plain","optional":true,"computed":true},"id":{"type":"number","description_kind":"plain","optional":true,"computed":true},"name":{"type":"string","description_kind":"plain","optional":true,"computed":true}},"description_kind":"plain"}}},"description_kind":"plain"}},"fortios_logsyslogd4_setting":{"version":0,"block":{"attributes":{"certificate":{"type":"string","description_kind":"plain","optional":true,"computed":true},"enc_algorithm":{"type":"string","description_kind":"plain","optional":true,"computed":true},"facility":{"type":"string","description_kind":"plain","optional":true,"computed":true},"format":{"type":"string","description_kind":"plain","optional":true,"computed":true},"id":{"type":"string","description_kind":"plain","optional":true,"computed":true},"mode":{"type":"string","description_kind":"plain","optional":true,"computed":true},"port":{"type":"number","description_kind":"plain","optional":true,"computed":true},"server":{"type":"string","description_kind":"plain","optional":true,"computed":true},"source_ip":{"type":"string","description_kind":"plain","optional":true,"computed":true},"ssl_min_proto_version":{"type":"string","description_kind":"plain","optional":true,"computed":true},"status":{"type":"string","description_kind":"plain","optional":true,"computed":true},"syslog_type":{"type":"number","description_kind":"plain","optional":true,"computed":true}},"block_types":{"custom_field_name":{"nesting_mode":"list","block":{"attributes":{"custom":{"type":"string","description_kind":"plain","optional":true,"computed":true},"id":{"type":"number","description_kind":"plain","optional":true,"computed":true},"name":{"type":"string","description_kind":"plain","optional":true,"computed":true}},"description_kind":"plain"}}},"description_kind":"plain"}},"fortios_logsyslogd_filter":{"version":0,"block":{"attributes":{"anomaly":{"type":"string","description_kind":"plain","optional":true,"computed":true},"dns":{"type":"string","description_kind":"plain","optional":true,"computed":true},"filter":{"type":"string","description_kind":"plain","optional":true,"computed":true},"filter_type":{"type":"string","description_kind":"plain","optional":true,"computed":true},"forward_traffic":{"type":"string","description_kind":"plain","optional":true,"computed":true},"gtp":{"type":"string","description_kind":"plain","optional":true,"computed":true},"id":{"type":"string","description_kind":"plain","optional":true,"computed":true},"local_traffic":{"type":"string","description_kind":"plain","optional":true,"computed":true},"multicast_traffic":{"type":"string","description_kind":"plain","optional":true,"computed":true},"netscan_discovery":{"type":"string","description_kind":"plain","optional":true,"computed":true},"netscan_vulnerability":{"type":"string","description_kind":"plain","optional":true,"computed":true},"severity":{"type":"string","description_kind":"plain","optional":true,"computed":true},"sniffer_traffic":{"type":"string","description_kind":"plain","optional":true,"computed":true},"ssh":{"type":"string","description_kind":"plain","optional":true,"computed":true},"voip":{"type":"string","description_kind":"plain","optional":true,"computed":true}},"description_kind":"plain"}},"fortios_logsyslogd_overridefilter":{"version":0,"block":{"attributes":{"anomaly":{"type":"string","description_kind":"plain","optional":true,"computed":true},"dns":{"type":"string","description_kind":"plain","optional":true,"computed":true},"filter":{"type":"string","description_kind":"plain","optional":true,"computed":true},"filter_type":{"type":"string","description_kind":"plain","optional":true,"computed":true},"forward_traffic":{"type":"string","description_kind":"plain","optional":true,"computed":true},"gtp":{"type":"string","description_kind":"plain","optional":true,"computed":true},"id":{"type":"string","description_kind":"plain","optional":true,"computed":true},"local_traffic":{"type":"string","description_kind":"plain","optional":true,"computed":true},"multicast_traffic":{"type":"string","description_kind":"plain","optional":true,"computed":true},"netscan_discovery":{"type":"string","description_kind":"plain","optional":true,"computed":true},"netscan_vulnerability":{"type":"string","description_kind":"plain","optional":true,"computed":true},"severity":{"type":"string","description_kind":"plain","optional":true,"computed":true},"sniffer_traffic":{"type":"string","description_kind":"plain","optional":true,"computed":true},"ssh":{"type":"string","description_kind":"plain","optional":true,"computed":true},"voip":{"type":"string","description_kind":"plain","optional":true,"computed":true}},"description_kind":"plain"}},"fortios_logsyslogd_overridesetting":{"version":0,"block":{"attributes":{"certificate":{"type":"string","description_kind":"plain","optional":true,"computed":true},"enc_algorithm":{"type":"string","description_kind":"plain","optional":true,"computed":true},"facility":{"type":"string","description_kind":"plain","optional":true,"computed":true},"format":{"type":"string","description_kind":"plain","optional":true,"computed":true},"id":{"type":"string","description_kind":"plain","optional":true,"computed":true},"mode":{"type":"string","description_kind":"plain","optional":true,"computed":true},"override":{"type":"string","description_kind":"plain","optional":true,"computed":true},"port":{"type":"number","description_kind":"plain","optional":true,"computed":true},"server":{"type":"string","description_kind":"plain","optional":true,"computed":true},"source_ip":{"type":"string","description_kind":"plain","optional":true,"computed":true},"ssl_min_proto_version":{"type":"string","description_kind":"plain","optional":true,"computed":true},"status":{"type":"string","description_kind":"plain","optional":true,"computed":true},"syslog_type":{"type":"number","description_kind":"plain","optional":true,"computed":true}},"block_types":{"custom_field_name":{"nesting_mode":"list","block":{"attributes":{"custom":{"type":"string","description_kind":"plain","optional":true,"computed":true},"id":{"type":"number","description_kind":"plain","optional":true,"computed":true},"name":{"type":"string","description_kind":"plain","optional":true,"computed":true}},"description_kind":"plain"}}},"description_kind":"plain"}},"fortios_logsyslogd_setting":{"version":0,"block":{"attributes":{"certificate":{"type":"string","description_kind":"plain","optional":true,"computed":true},"enc_algorithm":{"type":"string","description_kind":"plain","optional":true,"computed":true},"facility":{"type":"string","description_kind":"plain","optional":true,"computed":true},"format":{"type":"string","description_kind":"plain","optional":true,"computed":true},"id":{"type":"string","description_kind":"plain","optional":true,"computed":true},"mode":{"type":"string","description_kind":"plain","optional":true,"computed":true},"port":{"type":"number","description_kind":"plain","optional":true,"computed":true},"server":{"type":"string","description_kind":"plain","optional":true,"computed":true},"source_ip":{"type":"string","description_kind":"plain","optional":true,"computed":true},"ssl_min_proto_version":{"type":"string","description_kind":"plain","optional":true,"computed":true},"status":{"type":"string","description_kind":"plain","optional":true,"computed":true},"syslog_type":{"type":"number","description_kind":"plain","optional":true,"computed":true}},"block_types":{"custom_field_name":{"nesting_mode":"list","block":{"attributes":{"custom":{"type":"string","description_kind":"plain","optional":true,"computed":true},"id":{"type":"number","description_kind":"plain","optional":true,"computed":true},"name":{"type":"string","description_kind":"plain","optional":true,"computed":true}},"description_kind":"plain"}}},"description_kind":"plain"}},"fortios_logwebtrends_filter":{"version":0,"block":{"attributes":{"anomaly":{"type":"string","description_kind":"plain","optional":true,"computed":true},"dns":{"type":"string","description_kind":"plain","optional":true,"computed":true},"filter":{"type":"string","description_kind":"plain","optional":true,"computed":true},"filter_type":{"type":"string","description_kind":"plain","optional":true,"computed":true},"forward_traffic":{"type":"string","description_kind":"plain","optional":true,"computed":true},"gtp":{"type":"string","description_kind":"plain","optional":true,"computed":true},"id":{"type":"string","description_kind":"plain","optional":true,"computed":true},"local_traffic":{"type":"string","description_kind":"plain","optional":true,"computed":true},"multicast_traffic":{"type":"string","description_kind":"plain","optional":true,"computed":true},"netscan_discovery":{"type":"string","description_kind":"plain","optional":true,"computed":true},"netscan_vulnerability":{"type":"string","description_kind":"plain","optional":true,"computed":true},"severity":{"type":"string","description_kind":"plain","optional":true,"computed":true},"sniffer_traffic":{"type":"string","description_kind":"plain","optional":true,"computed":true},"ssh":{"type":"string","description_kind":"plain","optional":true,"computed":true},"voip":{"type":"string","description_kind":"plain","optional":true,"computed":true}},"description_kind":"plain"}},"fortios_logwebtrends_setting":{"version":0,"block":{"attributes":{"id":{"type":"string","description_kind":"plain","optional":true,"computed":true},"server":{"type":"string","description_kind":"plain","optional":true,"computed":true},"status":{"type":"string","description_kind":"plain","optional":true,"computed":true}},"description_kind":"plain"}},"fortios_networking_interface_port":{"version":0,"block":{"attributes":{"alias":{"type":"string","description_kind":"plain","optional":true,"computed":true},"allowaccess":{"type":"string","description_kind":"plain","optional":true,"computed":true},"defaultgw":{"type":"string","description_kind":"plain","optional":true,"computed":true},"description":{"type":"string","description_kind":"plain","optional":true},"device_identification":{"type":"string","description_kind":"plain","optional":true,"computed":true},"distance":{"type":"string","description_kind":"plain","optional":true,"computed":true},"dns_server_override":{"type":"string","description_kind":"plain","optional":true,"computed":true},"id":{"type":"string","description_kind":"plain","optional":true,"computed":true},"interface":{"type":"string","description_kind":"plain","optional":true,"computed":true},"ip":{"type":"string","description_kind":"plain","optional":true,"computed":true},"mode":{"type":"string","description_kind":"plain","optional":true,"computed":true},"mtu":{"type":"string","description_kind":"plain","optional":true,"computed":true},"mtu_override":{"type":"string","description_kind":"plain","optional":true,"computed":true},"name":{"type":"string","description_kind":"plain","required":true},"role":{"type":"string","description_kind":"plain","optional":true,"computed":true},"speed":{"type":"string","description_kind":"plain","optional":true,"computed":true},"status":{"type":"string","description_kind":"plain","optional":true,"computed":true},"tcp_mss":{"type":"string","description_kind":"plain","optional":true,"computed":true},"type":{"type":"string","description_kind":"plain","required":true},"vdom":{"type":"string","description_kind":"plain","optional":true,"computed":true},"vlanid":{"type":"string","description_kind":"plain","optional":true,"computed":true}},"description_kind":"plain"}},"fortios_networking_route_static":{"version":0,"block":{"attributes":{"blackhole":{"type":"string","description_kind":"plain","optional":true,"computed":true},"comment":{"type":"string","description_kind":"plain","optional":true},"device":{"type":"string","description_kind":"plain","required":true},"distance":{"type":"string","description_kind":"plain","optional":true,"computed":true},"dst":{"type":"string","description_kind":"plain","optional":true,"computed":true},"gateway":{"type":"string","description_kind":"plain","required":true},"id":{"type":"string","description_kind":"plain","optional":true,"computed":true},"internet_service":{"type":"number","description_kind":"plain","optional":true,"computed":true},"priority":{"type":"string","description_kind":"plain","optional":true,"computed":true},"status":{"type":"string","description_kind":"plain","optional":true,"computed":true},"weight":{"type":"string","description_kind":"plain","optional":true,"computed":true}},"description_kind":"plain"}},"fortios_report_chart":{"version":0,"block":{"attributes":{"background":{"type":"string","description_kind":"plain","optional":true,"computed":true},"category":{"type":"string","description_kind":"plain","optional":true,"computed":true},"color_palette":{"type":"string","description_kind":"plain","optional":true,"computed":true},"comments":{"type":"string","description_kind":"plain","required":true},"dataset":{"type":"string","description_kind":"plain","required":true},"dimension":{"type":"string","description_kind":"plain","optional":true,"computed":true},"favorite":{"type":"string","description_kind":"plain","optional":true,"computed":true},"graph_type":{"type":"string","description_kind":"plain","optional":true,"computed":true},"id":{"type":"string","description_kind":"plain","optional":true,"computed":true},"legend":{"type":"string","description_kind":"plain","optional":true,"computed":true},"legend_font_size":{"type":"number","description_kind":"plain","optional":true,"computed":true},"name":{"type":"string","description_kind":"plain","required":true},"period":{"type":"string","description_kind":"plain","optional":true,"computed":true},"policy":{"type":"number","description_kind":"plain","optional":true,"computed":true},"style":{"type":"string","description_kind":"plain","optional":true,"computed":true},"title":{"type":"string","description_kind":"plain","optional":true,"computed":true},"title_font_size":{"type":"number","description_kind":"plain","optional":true,"computed":true},"type":{"type":"string","description_kind":"plain","optional":true,"computed":true}},"block_types":{"category_series":{"nesting_mode":"list","block":{"attributes":{"databind":{"type":"string","description_kind":"plain","optional":true,"computed":true},"font_size":{"type":"number","description_kind":"plain","optional":true,"computed":true}},"description_kind":"plain"},"max_items":1},"column":{"nesting_mode":"list","block":{"attributes":{"detail_unit":{"type":"string","description_kind":"plain","optional":true,"computed":true},"detail_value":{"type":"string","description_kind":"plain","optional":true,"computed":true},"footer_unit":{"type":"string","description_kind":"plain","optional":true,"computed":true},"footer_value":{"type":"string","description_kind":"plain","optional":true,"computed":true},"header_value":{"type":"string","description_kind":"plain","optional":true,"computed":true},"id":{"type":"number","description_kind":"plain","optional":true,"computed":true}},"block_types":{"mapping":{"nesting_mode":"list","block":{"attributes":{"displayname":{"type":"string","description_kind":"plain","optional":true,"computed":true},"id":{"type":"number","description_kind":"plain","optional":true,"computed":true},"op":{"type":"string","description_kind":"plain","optional":true,"computed":true},"value1":{"type":"string","description_kind":"plain","optional":true,"computed":true},"value2":{"type":"string","description_kind":"plain","optional":true,"computed":true},"value_type":{"type":"string","description_kind":"plain","optional":true,"computed":true}},"description_kind":"plain"}}},"description_kind":"plain"}},"drill_down_charts":{"nesting_mode":"list","block":{"attributes":{"chart_name":{"type":"string","description_kind":"plain","optional":true,"computed":true},"id":{"type":"number","description_kind":"plain","optional":true,"computed":true},"status":{"type":"string","description_kind":"plain","optional":true,"computed":true}},"description_kind":"plain"}},"value_series":{"nesting_mode":"list","block":{"attributes":{"databind":{"type":"string","description_kind":"plain","optional":true,"computed":true}},"description_kind":"plain"},"max_items":1},"x_series":{"nesting_mode":"list","block":{"attributes":{"caption":{"type":"string","description_kind":"plain","optional":true,"computed":true},"caption_font_size":{"type":"number","description_kind":"plain","optional":true,"computed":true},"databind":{"type":"string","description_kind":"plain","optional":true,"computed":true},"font_size":{"type":"number","description_kind":"plain","optional":true,"computed":true},"is_category":{"type":"string","description_kind":"plain","optional":true,"computed":true},"label_angle":{"type":"string","description_kind":"plain","optional":true,"computed":true},"scale_direction":{"type":"string","description_kind":"plain","optional":true,"computed":true},"scale_format":{"type":"string","description_kind":"plain","optional":true,"computed":true},"scale_step":{"type":"number","description_kind":"plain","optional":true,"computed":true},"scale_unit":{"type":"string","description_kind":"plain","optional":true,"computed":true},"unit":{"type":"string","description_kind":"plain","optional":true,"computed":true}},"description_kind":"plain"},"max_items":1},"y_series":{"nesting_mode":"list","block":{"attributes":{"caption":{"type":"string","description_kind":"plain","optional":true,"computed":true},"caption_font_size":{"type":"number","description_kind":"plain","optional":true,"computed":true},"databind":{"type":"string","description_kind":"plain","optional":true,"computed":true},"extra_databind":{"type":"string","description_kind":"plain","optional":true,"computed":true},"extra_y":{"type":"string","description_kind":"plain","optional":true,"computed":true},"extra_y_legend":{"type":"string","description_kind":"plain","optional":true,"computed":true},"font_size":{"type":"number","description_kind":"plain","optional":true,"computed":true},"group":{"type":"string","description_kind":"plain","optional":true,"computed":true},"label_angle":{"type":"string","description_kind":"plain","optional":true,"computed":true},"unit":{"type":"string","description_kind":"plain","optional":true,"computed":true},"y_legend":{"type":"string","description_kind":"plain","optional":true,"computed":true}},"description_kind":"plain"},"max_items":1}},"description_kind":"plain"}},"fortios_report_dataset":{"version":0,"block":{"attributes":{"id":{"type":"string","description_kind":"plain","optional":true,"computed":true},"name":{"type":"string","description_kind":"plain","required":true},"policy":{"type":"number","description_kind":"plain","optional":true,"computed":true},"query":{"type":"string","description_kind":"plain","optional":true,"computed":true}},"block_types":{"field":{"nesting_mode":"list","block":{"attributes":{"displayname":{"type":"string","description_kind":"plain","optional":true,"computed":true},"id":{"type":"number","description_kind":"plain","optional":true,"computed":true},"name":{"type":"string","description_kind":"plain","optional":true,"computed":true},"type":{"type":"string","description_kind":"plain","optional":true,"computed":true}},"description_kind":"plain"}},"parameters":{"nesting_mode":"list","block":{"attributes":{"data_type":{"type":"string","description_kind":"plain","optional":true,"computed":true},"display_name":{"type":"string","description_kind":"plain","optional":true,"computed":true},"field":{"type":"string","description_kind":"plain","optional":true,"computed":true},"id":{"type":"number","description_kind":"plain","optional":true,"computed":true}},"description_kind":"plain"}}},"description_kind":"plain"}},"fortios_report_layout":{"version":0,"block":{"attributes":{"cutoff_option":{"type":"string","description_kind":"plain","optional":true,"computed":true},"cutoff_time":{"type":"string","description_kind":"plain","optional":true,"computed":true},"day":{"type":"string","description_kind":"plain","optional":true,"computed":true},"description":{"type":"string","description_kind":"plain","optional":true,"computed":true},"email_recipients":{"type":"string","description_kind":"plain","optional":true,"computed":true},"email_send":{"type":"string","description_kind":"plain","optional":true,"computed":true},"format":{"type":"string","description_kind":"plain","optional":true,"computed":true},"id":{"type":"string","description_kind":"plain","optional":true,"computed":true},"max_pdf_report":{"type":"number","description_kind":"plain","optional":true,"computed":true},"name":{"type":"string","description_kind":"plain","optional":true,"computed":true},"options":{"type":"string","description_kind":"plain","optional":true,"computed":true},"schedule_type":{"type":"string","description_kind":"plain","optional":true,"computed":true},"style_theme":{"type":"string","description_kind":"plain","required":true},"subtitle":{"type":"string","description_kind":"plain","optional":true,"computed":true},"time":{"type":"string","description_kind":"plain","optional":true,"computed":true},"title":{"type":"string","description_kind":"plain","optional":true,"computed":true}},"block_types":{"body_item":{"nesting_mode":"list","block":{"attributes":{"chart":{"type":"string","description_kind":"plain","optional":true,"computed":true},"chart_options":{"type":"string","description_kind":"plain","optional":true,"computed":true},"column":{"type":"number","description_kind":"plain","optional":true,"computed":true},"content":{"type":"string","description_kind":"plain","optional":true,"computed":true},"description":{"type":"string","description_kind":"plain","optional":true,"computed":true},"drill_down_items":{"type":"string","description_kind":"plain","optional":true,"computed":true},"drill_down_types":{"type":"string","description_kind":"plain","optional":true,"computed":true},"hide":{"type":"string","description_kind":"plain","optional":true,"computed":true},"id":{"type":"number","description_kind":"plain","optional":true,"computed":true},"img_src":{"type":"string","description_kind":"plain","optional":true,"computed":true},"list_component":{"type":"string","description_kind":"plain","optional":true,"computed":true},"misc_component":{"type":"string","description_kind":"plain","optional":true,"computed":true},"style":{"type":"string","description_kind":"plain","optional":true,"computed":true},"table_caption_style":{"type":"string","description_kind":"plain","optional":true,"computed":true},"table_column_widths":{"type":"string","description_kind":"plain","optional":true,"computed":true},"table_even_row_style":{"type":"string","description_kind":"plain","optional":true,"computed":true},"table_head_style":{"type":"string","description_kind":"plain","optional":true,"computed":true},"table_odd_row_style":{"type":"string","description_kind":"plain","optional":true,"computed":true},"text_component":{"type":"string","description_kind":"plain","optional":true,"computed":true},"title":{"type":"string","description_kind":"plain","optional":true,"computed":true},"top_n":{"type":"number","description_kind":"plain","optional":true,"computed":true},"type":{"type":"string","description_kind":"plain","optional":true,"computed":true}},"block_types":{"list":{"nesting_mode":"list","block":{"attributes":{"content":{"type":"string","description_kind":"plain","optional":true,"computed":true},"id":{"type":"number","description_kind":"plain","optional":true,"computed":true}},"description_kind":"plain"}},"parameters":{"nesting_mode":"list","block":{"attributes":{"id":{"type":"number","description_kind":"plain","optional":true,"computed":true},"name":{"type":"string","description_kind":"plain","optional":true,"computed":true},"value":{"type":"string","description_kind":"plain","optional":true,"computed":true}},"description_kind":"plain"}}},"description_kind":"plain"}},"page":{"nesting_mode":"list","block":{"attributes":{"column_break_before":{"type":"string","description_kind":"plain","optional":true,"computed":true},"options":{"type":"string","description_kind":"plain","optional":true,"computed":true},"page_break_before":{"type":"string","description_kind":"plain","optional":true,"computed":true},"paper":{"type":"string","description_kind":"plain","optional":true,"computed":true}},"block_types":{"footer":{"nesting_mode":"list","block":{"attributes":{"style":{"type":"string","description_kind":"plain","optional":true,"computed":true}},"block_types":{"footer_item":{"nesting_mode":"list","block":{"attributes":{"content":{"type":"string","description_kind":"plain","optional":true,"computed":true},"description":{"type":"string","description_kind":"plain","optional":true,"computed":true},"id":{"type":"number","description_kind":"plain","optional":true,"computed":true},"img_src":{"type":"string","description_kind":"plain","optional":true,"computed":true},"style":{"type":"string","description_kind":"plain","optional":true,"computed":true},"type":{"type":"string","description_kind":"plain","optional":true,"computed":true}},"description_kind":"plain"}}},"description_kind":"plain"},"max_items":1},"header":{"nesting_mode":"list","block":{"attributes":{"style":{"type":"string","description_kind":"plain","optional":true,"computed":true}},"block_types":{"header_item":{"nesting_mode":"list","block":{"attributes":{"content":{"type":"string","description_kind":"plain","optional":true,"computed":true},"description":{"type":"string","description_kind":"plain","optional":true,"computed":true},"id":{"type":"number","description_kind":"plain","optional":true,"computed":true},"img_src":{"type":"string","description_kind":"plain","optional":true,"computed":true},"style":{"type":"string","description_kind":"plain","optional":true,"computed":true},"type":{"type":"string","description_kind":"plain","optional":true,"computed":true}},"description_kind":"plain"}}},"description_kind":"plain"},"max_items":1}},"description_kind":"plain"},"max_items":1}},"description_kind":"plain"}},"fortios_report_setting":{"version":0,"block":{"attributes":{"fortiview":{"type":"string","description_kind":"plain","optional":true,"computed":true},"id":{"type":"string","description_kind":"plain","optional":true,"computed":true},"pdf_report":{"type":"string","description_kind":"plain","optional":true,"computed":true},"report_source":{"type":"string","description_kind":"plain","optional":true,"computed":true},"top_n":{"type":"number","description_kind":"plain","optional":true,"computed":true},"web_browsing_threshold":{"type":"number","description_kind":"plain","optional":true,"computed":true}},"description_kind":"plain"}},"fortios_report_style":{"version":0,"block":{"attributes":{"align":{"type":"string","description_kind":"plain","optional":true,"computed":true},"bg_color":{"type":"string","description_kind":"plain","optional":true,"computed":true},"border_bottom":{"type":"string","description_kind":"plain","optional":true,"computed":true},"border_left":{"type":"string","description_kind":"plain","optional":true,"computed":true},"border_right":{"type":"string","description_kind":"plain","optional":true,"computed":true},"border_top":{"type":"string","description_kind":"plain","optional":true,"computed":true},"column_gap":{"type":"string","description_kind":"plain","optional":true,"computed":true},"column_span":{"type":"string","description_kind":"plain","optional":true,"computed":true},"fg_color":{"type":"string","description_kind":"plain","optional":true,"computed":true},"font_family":{"type":"string","description_kind":"plain","optional":true,"computed":true},"font_size":{"type":"string","description_kind":"plain","optional":true,"computed":true},"font_style":{"type":"string","description_kind":"plain","optional":true,"computed":true},"font_weight":{"type":"string","description_kind":"plain","optional":true,"computed":true},"height":{"type":"string","description_kind":"plain","optional":true,"computed":true},"id":{"type":"string","description_kind":"plain","optional":true,"computed":true},"line_height":{"type":"string","description_kind":"plain","optional":true,"computed":true},"margin_bottom":{"type":"string","description_kind":"plain","optional":true,"computed":true},"margin_left":{"type":"string","description_kind":"plain","optional":true,"computed":true},"margin_right":{"type":"string","description_kind":"plain","optional":true,"computed":true},"margin_top":{"type":"string","description_kind":"plain","optional":true,"computed":true},"name":{"type":"string","description_kind":"plain","optional":true,"computed":true},"options":{"type":"string","description_kind":"plain","optional":true,"computed":true},"padding_bottom":{"type":"string","description_kind":"plain","optional":true,"computed":true},"padding_left":{"type":"string","description_kind":"plain","optional":true,"computed":true},"padding_right":{"type":"string","description_kind":"plain","optional":true,"computed":true},"padding_top":{"type":"string","description_kind":"plain","optional":true,"computed":true},"width":{"type":"string","description_kind":"plain","optional":true,"computed":true}},"description_kind":"plain"}},"fortios_report_theme":{"version":0,"block":{"attributes":{"bullet_list_style":{"type":"string","description_kind":"plain","optional":true,"computed":true},"column_count":{"type":"string","description_kind":"plain","optional":true,"computed":true},"default_html_style":{"type":"string","description_kind":"plain","optional":true,"computed":true},"default_pdf_style":{"type":"string","description_kind":"plain","optional":true,"computed":true},"graph_chart_style":{"type":"string","description_kind":"plain","optional":true,"computed":true},"heading1_style":{"type":"string","description_kind":"plain","optional":true,"computed":true},"heading2_style":{"type":"string","description_kind":"plain","optional":true,"computed":true},"heading3_style":{"type":"string","description_kind":"plain","optional":true,"computed":true},"heading4_style":{"type":"string","description_kind":"plain","optional":true,"computed":true},"hline_style":{"type":"string","description_kind":"plain","optional":true,"computed":true},"id":{"type":"string","description_kind":"plain","optional":true,"computed":true},"image_style":{"type":"string","description_kind":"plain","optional":true,"computed":true},"name":{"type":"string","description_kind":"plain","optional":true,"computed":true},"normal_text_style":{"type":"string","description_kind":"plain","optional":true,"computed":true},"numbered_list_style":{"type":"string","description_kind":"plain","optional":true,"computed":true},"page_footer_style":{"type":"string","description_kind":"plain","optional":true,"computed":true},"page_header_style":{"type":"string","description_kind":"plain","optional":true,"computed":true},"page_orient":{"type":"string","description_kind":"plain","optional":true,"computed":true},"page_style":{"type":"string","description_kind":"plain","optional":true,"computed":true},"report_subtitle_style":{"type":"string","description_kind":"plain","optional":true,"computed":true},"report_title_style":{"type":"string","description_kind":"plain","optional":true,"computed":true},"table_chart_caption_style":{"type":"string","description_kind":"plain","optional":true,"computed":true},"table_chart_even_row_style":{"type":"string","description_kind":"plain","optional":true,"computed":true},"table_chart_head_style":{"type":"string","description_kind":"plain","optional":true,"computed":true},"table_chart_odd_row_style":{"type":"string","description_kind":"plain","optional":true,"computed":true},"table_chart_style":{"type":"string","description_kind":"plain","optional":true,"computed":true},"toc_heading1_style":{"type":"string","description_kind":"plain","optional":true,"computed":true},"toc_heading2_style":{"type":"string","description_kind":"plain","optional":true,"computed":true},"toc_heading3_style":{"type":"string","description_kind":"plain","optional":true,"computed":true},"toc_heading4_style":{"type":"string","description_kind":"plain","optional":true,"computed":true},"toc_title_style":{"type":"string","description_kind":"plain","optional":true,"computed":true}},"description_kind":"plain"}},"fortios_router_accesslist":{"version":0,"block":{"attributes":{"comments":{"type":"string","description_kind":"plain","optional":true,"computed":true},"id":{"type":"string","description_kind":"plain","optional":true,"computed":true},"name":{"type":"string","description_kind":"plain","required":true}},"block_types":{"rule":{"nesting_mode":"list","block":{"attributes":{"action":{"type":"string","description_kind":"plain","optional":true,"computed":true},"exact_match":{"type":"string","description_kind":"plain","optional":true,"computed":true},"flags":{"type":"number","description_kind":"plain","optional":true,"computed":true},"id":{"type":"number","description_kind":"plain","optional":true,"computed":true},"prefix":{"type":"string","description_kind":"plain","optional":true,"computed":true},"wildcard":{"type":"string","description_kind":"plain","optional":true,"computed":true}},"description_kind":"plain"}}},"description_kind":"plain"}},"fortios_router_accesslist6":{"version":0,"block":{"attributes":{"comments":{"type":"string","description_kind":"plain","optional":true,"computed":true},"id":{"type":"string","description_kind":"plain","optional":true,"computed":true},"name":{"type":"string","description_kind":"plain","required":true}},"block_types":{"rule":{"nesting_mode":"list","block":{"attributes":{"action":{"type":"string","description_kind":"plain","optional":true,"computed":true},"exact_match":{"type":"string","description_kind":"plain","optional":true,"computed":true},"flags":{"type":"number","description_kind":"plain","optional":true,"computed":true},"id":{"type":"number","description_kind":"plain","optional":true,"computed":true},"prefix6":{"type":"string","description_kind":"plain","optional":true,"computed":true}},"description_kind":"plain"}}},"description_kind":"plain"}},"fortios_router_aspathlist":{"version":0,"block":{"attributes":{"id":{"type":"string","description_kind":"plain","optional":true,"computed":true},"name":{"type":"string","description_kind":"plain","required":true}},"block_types":{"rule":{"nesting_mode":"list","block":{"attributes":{"action":{"type":"string","description_kind":"plain","optional":true,"computed":true},"id":{"type":"number","description_kind":"plain","optional":true,"computed":true},"regexp":{"type":"string","description_kind":"plain","optional":true,"computed":true}},"description_kind":"plain"}}},"description_kind":"plain"}},"fortios_router_authpath":{"version":0,"block":{"attributes":{"device":{"type":"string","description_kind":"plain","required":true},"gateway":{"type":"string","description_kind":"plain","optional":true,"computed":true},"id":{"type":"string","description_kind":"plain","optional":true,"computed":true},"name":{"type":"string","description_kind":"plain","required":true}},"description_kind":"plain"}},"fortios_router_bfd":{"version":0,"block":{"attributes":{"id":{"type":"string","description_kind":"plain","optional":true,"computed":true}},"block_types":{"neighbor":{"nesting_mode":"list","block":{"attributes":{"interface":{"type":"string","description_kind":"plain","optional":true,"computed":true},"ip":{"type":"string","description_kind":"plain","optional":true,"computed":true}},"description_kind":"plain"}}},"description_kind":"plain"}},"fortios_router_bfd6":{"version":0,"block":{"attributes":{"id":{"type":"string","description_kind":"plain","optional":true,"computed":true}},"block_types":{"neighbor":{"nesting_mode":"list","block":{"attributes":{"interface":{"type":"string","description_kind":"plain","optional":true,"computed":true},"ip6_address":{"type":"string","description_kind":"plain","optional":true,"computed":true}},"description_kind":"plain"}}},"description_kind":"plain"}},"fortios_router_bgp":{"version":0,"block":{"attributes":{"additional_path":{"type":"string","description_kind":"plain","optional":true,"computed":true},"additional_path6":{"type":"string","description_kind":"plain","optional":true,"computed":true},"additional_path_select":{"type":"number","description_kind":"plain","optional":true,"computed":true},"additional_path_select6":{"type":"number","description_kind":"plain","optional":true,"computed":true},"always_compare_med":{"type":"string","description_kind":"plain","optional":true,"computed":true},"as":{"type":"number","description_kind":"plain","required":true},"bestpath_as_path_ignore":{"type":"string","description_kind":"plain","optional":true,"computed":true},"bestpath_cmp_confed_aspath":{"type":"string","description_kind":"plain","optional":true,"computed":true},"bestpath_cmp_routerid":{"type":"string","description_kind":"plain","optional":true,"computed":true},"bestpath_med_confed":{"type":"string","description_kind":"plain","optional":true,"computed":true},"bestpath_med_missing_as_worst":{"type":"string","description_kind":"plain","optional":true,"computed":true},"client_to_client_reflection":{"type":"string","description_kind":"plain","optional":true,"computed":true},"cluster_id":{"type":"string","description_kind":"plain","optional":true,"computed":true},"confederation_identifier":{"type":"number","description_kind":"plain","optional":true,"computed":true},"dampening":{"type":"string","description_kind":"plain","optional":true,"computed":true},"dampening_max_suppress_time":{"type":"number","description_kind":"plain","optional":true,"computed":true},"dampening_reachability_half_life":{"type":"number","description_kind":"plain","optional":true,"computed":true},"dampening_reuse":{"type":"number","description_kind":"plain","optional":true,"computed":true},"dampening_route_map":{"type":"string","description_kind":"plain","optional":true,"computed":true},"dampening_suppress":{"type":"number","description_kind":"plain","optional":true,"computed":true},"dampening_unreachability_half_life":{"type":"number","description_kind":"plain","optional":true,"computed":true},"default_local_preference":{"type":"number","description_kind":"plain","optional":true,"computed":true},"deterministic_med":{"type":"string","description_kind":"plain","optional":true,"computed":true},"distance_external":{"type":"number","description_kind":"plain","optional":true,"computed":true},"distance_internal":{"type":"number","description_kind":"plain","optional":true,"computed":true},"distance_local":{"type":"number","description_kind":"plain","optional":true,"computed":true},"ebgp_multipath":{"type":"string","description_kind":"plain","optional":true,"computed":true},"enforce_first_as":{"type":"string","description_kind":"plain","optional":true,"computed":true},"fast_external_failover":{"type":"string","description_kind":"plain","optional":true,"computed":true},"graceful_end_on_timer":{"type":"string","description_kind":"plain","optional":true,"computed":true},"graceful_restart":{"type":"string","description_kind":"plain","optional":true,"computed":true},"graceful_restart_time":{"type":"number","description_kind":"plain","optional":true,"computed":true},"graceful_stalepath_time":{"type":"number","description_kind":"plain","optional":true,"computed":true},"graceful_update_delay":{"type":"number","description_kind":"plain","optional":true,"computed":true},"holdtime_timer":{"type":"number","description_kind":"plain","optional":true,"computed":true},"ibgp_multipath":{"type":"string","description_kind":"plain","optional":true,"computed":true},"id":{"type":"string","description_kind":"plain","optional":true,"computed":true},"ignore_optional_capability":{"type":"string","description_kind":"plain","optional":true,"computed":true},"keepalive_timer":{"type":"number","description_kind":"plain","optional":true,"computed":true},"log_neighbour_changes":{"type":"string","description_kind":"plain","optional":true,"computed":true},"network_import_check":{"type":"string","description_kind":"plain","optional":true,"computed":true},"router_id":{"type":"string","description_kind":"plain","optional":true,"computed":true},"scan_time":{"type":"number","description_kind":"plain","optional":true,"computed":true},"synchronization":{"type":"string","description_kind":"plain","optional":true,"computed":true}},"block_types":{"admin_distance":{"nesting_mode":"list","block":{"attributes":{"distance":{"type":"number","description_kind":"plain","optional":true,"computed":true},"id":{"type":"number","description_kind":"plain","optional":true,"computed":true},"neighbour_prefix":{"type":"string","description_kind":"plain","optional":true,"computed":true},"route_list":{"type":"string","description_kind":"plain","optional":true,"computed":true}},"description_kind":"plain"}},"aggregate_address":{"nesting_mode":"list","block":{"attributes":{"as_set":{"type":"string","description_kind":"plain","optional":true,"computed":true},"id":{"type":"number","description_kind":"plain","optional":true,"computed":true},"prefix":{"type":"string","description_kind":"plain","optional":true,"computed":true},"summary_only":{"type":"string","description_kind":"plain","optional":true,"computed":true}},"description_kind":"plain"}},"aggregate_address6":{"nesting_mode":"list","block":{"attributes":{"as_set":{"type":"string","description_kind":"plain","optional":true,"computed":true},"id":{"type":"number","description_kind":"plain","optional":true,"computed":true},"prefix6":{"type":"string","description_kind":"plain","optional":true,"computed":true},"summary_only":{"type":"string","description_kind":"plain","optional":true,"computed":true}},"description_kind":"plain"}},"confederation_peers":{"nesting_mode":"list","block":{"attributes":{"peer":{"type":"string","description_kind":"plain","optional":true,"computed":true}},"description_kind":"plain"}},"neighbor":{"nesting_mode":"list","block":{"attributes":{"activate":{"type":"string","description_kind":"plain","optional":true,"computed":true},"activate6":{"type":"string","description_kind":"plain","optional":true,"computed":true},"additional_path":{"type":"string","description_kind":"plain","optional":true,"computed":true},"additional_path6":{"type":"string","description_kind":"plain","optional":true,"computed":true},"adv_additional_path":{"type":"number","description_kind":"plain","optional":true,"computed":true},"adv_additional_path6":{"type":"number","description_kind":"plain","optional":true,"computed":true},"advertisement_interval":{"type":"number","description_kind":"plain","optional":true,"computed":true},"allowas_in":{"type":"number","description_kind":"plain","optional":true,"computed":true},"allowas_in6":{"type":"number","description_kind":"plain","optional":true,"computed":true},"allowas_in_enable":{"type":"string","description_kind":"plain","optional":true,"computed":true},"allowas_in_enable6":{"type":"string","description_kind":"plain","optional":true,"computed":true},"as_override":{"type":"string","description_kind":"plain","optional":true,"computed":true},"as_override6":{"type":"string","description_kind":"plain","optional":true,"computed":true},"attribute_unchanged":{"type":"string","description_kind":"plain","optional":true,"computed":true},"attribute_unchanged6":{"type":"string","description_kind":"plain","optional":true,"computed":true},"bfd":{"type":"string","description_kind":"plain","optional":true,"computed":true},"capability_default_originate":{"type":"string","description_kind":"plain","optional":true,"computed":true},"capability_default_originate6":{"type":"string","description_kind":"plain","optional":true,"computed":true},"capability_dynamic":{"type":"string","description_kind":"plain","optional":true,"computed":true},"capability_graceful_restart":{"type":"string","description_kind":"plain","optional":true,"computed":true},"capability_graceful_restart6":{"type":"string","description_kind":"plain","optional":true,"computed":true},"capability_orf":{"type":"string","description_kind":"plain","optional":true,"computed":true},"capability_orf6":{"type":"string","description_kind":"plain","optional":true,"computed":true},"capability_route_refresh":{"type":"string","description_kind":"plain","optional":true,"computed":true},"connect_timer":{"type":"number","description_kind":"plain","optional":true,"computed":true},"default_originate_routemap":{"type":"string","description_kind":"plain","optional":true,"computed":true},"default_originate_routemap6":{"type":"string","description_kind":"plain","optional":true,"computed":true},"description":{"type":"string","description_kind":"plain","optional":true,"computed":true},"distribute_list_in":{"type":"string","description_kind":"plain","optional":true,"computed":true},"distribute_list_in6":{"type":"string","description_kind":"plain","optional":true,"computed":true},"distribute_list_out":{"type":"string","description_kind":"plain","optional":true,"computed":true},"distribute_list_out6":{"type":"string","description_kind":"plain","optional":true,"computed":true},"dont_capability_negotiate":{"type":"string","description_kind":"plain","optional":true,"computed":true},"ebgp_enforce_multihop":{"type":"string","description_kind":"plain","optional":true,"computed":true},"ebgp_multihop_ttl":{"type":"number","description_kind":"plain","optional":true,"computed":true},"filter_list_in":{"type":"string","description_kind":"plain","optional":true,"computed":true},"filter_list_in6":{"type":"string","description_kind":"plain","optional":true,"computed":true},"filter_list_out":{"type":"string","description_kind":"plain","optional":true,"computed":true},"filter_list_out6":{"type":"string","description_kind":"plain","optional":true,"computed":true},"holdtime_timer":{"type":"number","description_kind":"plain","optional":true,"computed":true},"interface":{"type":"string","description_kind":"plain","optional":true,"computed":true},"ip":{"type":"string","description_kind":"plain","optional":true,"computed":true},"keep_alive_timer":{"type":"number","description_kind":"plain","optional":true,"computed":true},"link_down_failover":{"type":"string","description_kind":"plain","optional":true,"computed":true},"local_as":{"type":"number","description_kind":"plain","optional":true,"computed":true},"local_as_no_prepend":{"type":"string","description_kind":"plain","optional":true,"computed":true},"local_as_replace_as":{"type":"string","description_kind":"plain","optional":true,"computed":true},"maximum_prefix":{"type":"number","description_kind":"plain","optional":true,"computed":true},"maximum_prefix6":{"type":"number","description_kind":"plain","optional":true,"computed":true},"maximum_prefix_threshold":{"type":"number","description_kind":"plain","optional":true,"computed":true},"maximum_prefix_threshold6":{"type":"number","description_kind":"plain","optional":true,"computed":true},"maximum_prefix_warning_only":{"type":"string","description_kind":"plain","optional":true,"computed":true},"maximum_prefix_warning_only6":{"type":"string","description_kind":"plain","optional":true,"computed":true},"next_hop_self":{"type":"string","description_kind":"plain","optional":true,"computed":true},"next_hop_self6":{"type":"string","description_kind":"plain","optional":true,"computed":true},"override_capability":{"type":"string","description_kind":"plain","optional":true,"computed":true},"passive":{"type":"string","description_kind":"plain","optional":true,"computed":true},"password":{"type":"string","description_kind":"plain","optional":true},"prefix_list_in":{"type":"string","description_kind":"plain","optional":true,"computed":true},"prefix_list_in6":{"type":"string","description_kind":"plain","optional":true,"computed":true},"prefix_list_out":{"type":"string","description_kind":"plain","optional":true,"computed":true},"prefix_list_out6":{"type":"string","description_kind":"plain","optional":true,"computed":true},"remote_as":{"type":"number","description_kind":"plain","optional":true,"computed":true},"remove_private_as":{"type":"string","description_kind":"plain","optional":true,"computed":true},"remove_private_as6":{"type":"string","description_kind":"plain","optional":true,"computed":true},"restart_time":{"type":"number","description_kind":"plain","optional":true,"computed":true},"retain_stale_time":{"type":"number","description_kind":"plain","optional":true,"computed":true},"route_map_in":{"type":"string","description_kind":"plain","optional":true,"computed":true},"route_map_in6":{"type":"string","description_kind":"plain","optional":true,"computed":true},"route_map_out":{"type":"string","description_kind":"plain","optional":true,"computed":true},"route_map_out6":{"type":"string","description_kind":"plain","optional":true,"computed":true},"route_reflector_client":{"type":"string","description_kind":"plain","optional":true,"computed":true},"route_reflector_client6":{"type":"string","description_kind":"plain","optional":true,"computed":true},"route_server_client":{"type":"string","description_kind":"plain","optional":true,"computed":true},"route_server_client6":{"type":"string","description_kind":"plain","optional":true,"computed":true},"send_community":{"type":"string","description_kind":"plain","optional":true,"computed":true},"send_community6":{"type":"string","description_kind":"plain","optional":true,"computed":true},"shutdown":{"type":"string","description_kind":"plain","optional":true,"computed":true},"soft_reconfiguration":{"type":"string","description_kind":"plain","optional":true,"computed":true},"soft_reconfiguration6":{"type":"string","description_kind":"plain","optional":true,"computed":true},"stale_route":{"type":"string","description_kind":"plain","optional":true,"computed":true},"strict_capability_match":{"type":"string","description_kind":"plain","optional":true,"computed":true},"unsuppress_map":{"type":"string","description_kind":"plain","optional":true,"computed":true},"unsuppress_map6":{"type":"string","description_kind":"plain","optional":true,"computed":true},"update_source":{"type":"string","description_kind":"plain","optional":true,"computed":true},"weight":{"type":"number","description_kind":"plain","optional":true,"computed":true}},"block_types":{"conditional_advertise":{"nesting_mode":"list","block":{"attributes":{"advertise_routemap":{"type":"string","description_kind":"plain","optional":true,"computed":true},"condition_routemap":{"type":"string","description_kind":"plain","optional":true,"computed":true},"condition_type":{"type":"string","description_kind":"plain","optional":true,"computed":true}},"description_kind":"plain"}}},"description_kind":"plain"}},"neighbor_group":{"nesting_mode":"list","block":{"attributes":{"activate":{"type":"string","description_kind":"plain","optional":true,"computed":true},"activate6":{"type":"string","description_kind":"plain","optional":true,"computed":true},"additional_path":{"type":"string","description_kind":"plain","optional":true,"computed":true},"additional_path6":{"type":"string","description_kind":"plain","optional":true,"computed":true},"adv_additional_path":{"type":"number","description_kind":"plain","optional":true,"computed":true},"adv_additional_path6":{"type":"number","description_kind":"plain","optional":true,"computed":true},"advertisement_interval":{"type":"number","description_kind":"plain","optional":true,"computed":true},"allowas_in":{"type":"number","description_kind":"plain","optional":true,"computed":true},"allowas_in6":{"type":"number","description_kind":"plain","optional":true,"computed":true},"allowas_in_enable":{"type":"string","description_kind":"plain","optional":true,"computed":true},"allowas_in_enable6":{"type":"string","description_kind":"plain","optional":true,"computed":true},"as_override":{"type":"string","description_kind":"plain","optional":true,"computed":true},"as_override6":{"type":"string","description_kind":"plain","optional":true,"computed":true},"attribute_unchanged":{"type":"string","description_kind":"plain","optional":true,"computed":true},"attribute_unchanged6":{"type":"string","description_kind":"plain","optional":true,"computed":true},"bfd":{"type":"string","description_kind":"plain","optional":true,"computed":true},"capability_default_originate":{"type":"string","description_kind":"plain","optional":true,"computed":true},"capability_default_originate6":{"type":"string","description_kind":"plain","optional":true,"computed":true},"capability_dynamic":{"type":"string","description_kind":"plain","optional":true,"computed":true},"capability_graceful_restart":{"type":"string","description_kind":"plain","optional":true,"computed":true},"capability_graceful_restart6":{"type":"string","description_kind":"plain","optional":true,"computed":true},"capability_orf":{"type":"string","description_kind":"plain","optional":true,"computed":true},"capability_orf6":{"type":"string","description_kind":"plain","optional":true,"computed":true},"capability_route_refresh":{"type":"string","description_kind":"plain","optional":true,"computed":true},"connect_timer":{"type":"number","description_kind":"plain","optional":true,"computed":true},"default_originate_routemap":{"type":"string","description_kind":"plain","optional":true,"computed":true},"default_originate_routemap6":{"type":"string","description_kind":"plain","optional":true,"computed":true},"description":{"type":"string","description_kind":"plain","optional":true,"computed":true},"distribute_list_in":{"type":"string","description_kind":"plain","optional":true,"computed":true},"distribute_list_in6":{"type":"string","description_kind":"plain","optional":true,"computed":true},"distribute_list_out":{"type":"string","description_kind":"plain","optional":true,"computed":true},"distribute_list_out6":{"type":"string","description_kind":"plain","optional":true,"computed":true},"dont_capability_negotiate":{"type":"string","description_kind":"plain","optional":true,"computed":true},"ebgp_enforce_multihop":{"type":"string","description_kind":"plain","optional":true,"computed":true},"ebgp_multihop_ttl":{"type":"number","description_kind":"plain","optional":true,"computed":true},"filter_list_in":{"type":"string","description_kind":"plain","optional":true,"computed":true},"filter_list_in6":{"type":"string","description_kind":"plain","optional":true,"computed":true},"filter_list_out":{"type":"string","description_kind":"plain","optional":true,"computed":true},"filter_list_out6":{"type":"string","description_kind":"plain","optional":true,"computed":true},"holdtime_timer":{"type":"number","description_kind":"plain","optional":true,"computed":true},"interface":{"type":"string","description_kind":"plain","optional":true,"computed":true},"keep_alive_timer":{"type":"number","description_kind":"plain","optional":true,"computed":true},"link_down_failover":{"type":"string","description_kind":"plain","optional":true,"computed":true},"local_as":{"type":"number","description_kind":"plain","optional":true,"computed":true},"local_as_no_prepend":{"type":"string","description_kind":"plain","optional":true,"computed":true},"local_as_replace_as":{"type":"string","description_kind":"plain","optional":true,"computed":true},"maximum_prefix":{"type":"number","description_kind":"plain","optional":true,"computed":true},"maximum_prefix6":{"type":"number","description_kind":"plain","optional":true,"computed":true},"maximum_prefix_threshold":{"type":"number","description_kind":"plain","optional":true,"computed":true},"maximum_prefix_threshold6":{"type":"number","description_kind":"plain","optional":true,"computed":true},"maximum_prefix_warning_only":{"type":"string","description_kind":"plain","optional":true,"computed":true},"maximum_prefix_warning_only6":{"type":"string","description_kind":"plain","optional":true,"computed":true},"name":{"type":"string","description_kind":"plain","optional":true,"computed":true},"next_hop_self":{"type":"string","description_kind":"plain","optional":true,"computed":true},"next_hop_self6":{"type":"string","description_kind":"plain","optional":true,"computed":true},"override_capability":{"type":"string","description_kind":"plain","optional":true,"computed":true},"passive":{"type":"string","description_kind":"plain","optional":true,"computed":true},"prefix_list_in":{"type":"string","description_kind":"plain","optional":true,"computed":true},"prefix_list_in6":{"type":"string","description_kind":"plain","optional":true,"computed":true},"prefix_list_out":{"type":"string","description_kind":"plain","optional":true,"computed":true},"prefix_list_out6":{"type":"string","description_kind":"plain","optional":true,"computed":true},"remote_as":{"type":"number","description_kind":"plain","optional":true,"computed":true},"remove_private_as":{"type":"string","description_kind":"plain","optional":true,"computed":true},"remove_private_as6":{"type":"string","description_kind":"plain","optional":true,"computed":true},"restart_time":{"type":"number","description_kind":"plain","optional":true,"computed":true},"retain_stale_time":{"type":"number","description_kind":"plain","optional":true,"computed":true},"route_map_in":{"type":"string","description_kind":"plain","optional":true,"computed":true},"route_map_in6":{"type":"string","description_kind":"plain","optional":true,"computed":true},"route_map_out":{"type":"string","description_kind":"plain","optional":true,"computed":true},"route_map_out6":{"type":"string","description_kind":"plain","optional":true,"computed":true},"route_reflector_client":{"type":"string","description_kind":"plain","optional":true,"computed":true},"route_reflector_client6":{"type":"string","description_kind":"plain","optional":true,"computed":true},"route_server_client":{"type":"string","description_kind":"plain","optional":true,"computed":true},"route_server_client6":{"type":"string","description_kind":"plain","optional":true,"computed":true},"send_community":{"type":"string","description_kind":"plain","optional":true,"computed":true},"send_community6":{"type":"string","description_kind":"plain","optional":true,"computed":true},"shutdown":{"type":"string","description_kind":"plain","optional":true,"computed":true},"soft_reconfiguration":{"type":"string","description_kind":"plain","optional":true,"computed":true},"soft_reconfiguration6":{"type":"string","description_kind":"plain","optional":true,"computed":true},"stale_route":{"type":"string","description_kind":"plain","optional":true,"computed":true},"strict_capability_match":{"type":"string","description_kind":"plain","optional":true,"computed":true},"unsuppress_map":{"type":"string","description_kind":"plain","optional":true,"computed":true},"unsuppress_map6":{"type":"string","description_kind":"plain","optional":true,"computed":true},"update_source":{"type":"string","description_kind":"plain","optional":true,"computed":true},"weight":{"type":"number","description_kind":"plain","optional":true,"computed":true}},"description_kind":"plain"}},"neighbor_range":{"nesting_mode":"list","block":{"attributes":{"id":{"type":"number","description_kind":"plain","optional":true,"computed":true},"max_neighbor_num":{"type":"number","description_kind":"plain","optional":true,"computed":true},"neighbor_group":{"type":"string","description_kind":"plain","optional":true,"computed":true},"prefix":{"type":"string","description_kind":"plain","optional":true,"computed":true}},"description_kind":"plain"}},"neighbor_range6":{"nesting_mode":"list","block":{"attributes":{"id":{"type":"number","description_kind":"plain","optional":true,"computed":true},"max_neighbor_num":{"type":"number","description_kind":"plain","optional":true,"computed":true},"neighbor_group":{"type":"string","description_kind":"plain","optional":true,"computed":true},"prefix6":{"type":"string","description_kind":"plain","optional":true,"computed":true}},"description_kind":"plain"}},"network":{"nesting_mode":"list","block":{"attributes":{"backdoor":{"type":"string","description_kind":"plain","optional":true,"computed":true},"id":{"type":"number","description_kind":"plain","optional":true,"computed":true},"prefix":{"type":"string","description_kind":"plain","optional":true,"computed":true},"route_map":{"type":"string","description_kind":"plain","optional":true,"computed":true}},"description_kind":"plain"}},"network6":{"nesting_mode":"list","block":{"attributes":{"backdoor":{"type":"string","description_kind":"plain","optional":true,"computed":true},"id":{"type":"number","description_kind":"plain","optional":true,"computed":true},"prefix6":{"type":"string","description_kind":"plain","optional":true,"computed":true},"route_map":{"type":"string","description_kind":"plain","optional":true,"computed":true}},"description_kind":"plain"}},"redistribute":{"nesting_mode":"list","block":{"attributes":{"name":{"type":"string","description_kind":"plain","optional":true,"computed":true},"route_map":{"type":"string","description_kind":"plain","optional":true,"computed":true},"status":{"type":"string","description_kind":"plain","optional":true,"computed":true}},"description_kind":"plain"}},"redistribute6":{"nesting_mode":"list","block":{"attributes":{"name":{"type":"string","description_kind":"plain","optional":true,"computed":true},"route_map":{"type":"string","description_kind":"plain","optional":true,"computed":true},"status":{"type":"string","description_kind":"plain","optional":true,"computed":true}},"description_kind":"plain"}}},"description_kind":"plain"}},"fortios_router_communitylist":{"version":0,"block":{"attributes":{"id":{"type":"string","description_kind":"plain","optional":true,"computed":true},"name":{"type":"string","description_kind":"plain","required":true},"type":{"type":"string","description_kind":"plain","required":true}},"block_types":{"rule":{"nesting_mode":"list","block":{"attributes":{"action":{"type":"string","description_kind":"plain","optional":true,"computed":true},"id":{"type":"number","description_kind":"plain","optional":true,"computed":true},"match":{"type":"string","description_kind":"plain","optional":true,"computed":true},"regexp":{"type":"string","description_kind":"plain","optional":true,"computed":true}},"description_kind":"plain"}}},"description_kind":"plain"}},"fortios_router_isis":{"version":0,"block":{"attributes":{"adjacency_check":{"type":"string","description_kind":"plain","optional":true,"computed":true},"adjacency_check6":{"type":"string","description_kind":"plain","optional":true,"computed":true},"adv_passive_only":{"type":"string","description_kind":"plain","optional":true,"computed":true},"adv_passive_only6":{"type":"string","description_kind":"plain","optional":true,"computed":true},"auth_keychain_l1":{"type":"string","description_kind":"plain","optional":true,"computed":true},"auth_keychain_l2":{"type":"string","description_kind":"plain","optional":true,"computed":true},"auth_mode_l1":{"type":"string","description_kind":"plain","optional":true,"computed":true},"auth_mode_l2":{"type":"string","description_kind":"plain","optional":true,"computed":true},"auth_password_l1":{"type":"string","description_kind":"plain","optional":true},"auth_password_l2":{"type":"string","description_kind":"plain","optional":true},"auth_sendonly_l1":{"type":"string","description_kind":"plain","optional":true,"computed":true},"auth_sendonly_l2":{"type":"string","description_kind":"plain","optional":true,"computed":true},"default_originate":{"type":"string","description_kind":"plain","optional":true,"computed":true},"default_originate6":{"type":"string","description_kind":"plain","optional":true,"computed":true},"dynamic_hostname":{"type":"string","description_kind":"plain","optional":true,"computed":true},"id":{"type":"string","description_kind":"plain","optional":true,"computed":true},"ignore_lsp_errors":{"type":"string","description_kind":"plain","optional":true,"computed":true},"is_type":{"type":"string","description_kind":"plain","optional":true,"computed":true},"lsp_gen_interval_l1":{"type":"number","description_kind":"plain","optional":true,"computed":true},"lsp_gen_interval_l2":{"type":"number","description_kind":"plain","optional":true,"computed":true},"lsp_refresh_interval":{"type":"number","description_kind":"plain","optional":true,"computed":true},"max_lsp_lifetime":{"type":"number","description_kind":"plain","optional":true,"computed":true},"metric_style":{"type":"string","description_kind":"plain","optional":true,"computed":true},"overload_bit":{"type":"string","description_kind":"plain","optional":true,"computed":true},"overload_bit_on_startup":{"type":"number","description_kind":"plain","optional":true,"computed":true},"overload_bit_suppress":{"type":"string","description_kind":"plain","optional":true,"computed":true},"redistribute6_l1":{"type":"string","description_kind":"plain","optional":true,"computed":true},"redistribute6_l1_list":{"type":"string","description_kind":"plain","optional":true,"computed":true},"redistribute6_l2":{"type":"string","description_kind":"plain","optional":true,"computed":true},"redistribute6_l2_list":{"type":"string","description_kind":"plain","optional":true,"computed":true},"redistribute_l1":{"type":"string","description_kind":"plain","optional":true,"computed":true},"redistribute_l1_list":{"type":"string","description_kind":"plain","optional":true,"computed":true},"redistribute_l2":{"type":"string","description_kind":"plain","optional":true,"computed":true},"redistribute_l2_list":{"type":"string","description_kind":"plain","optional":true,"computed":true},"spf_interval_exp_l1":{"type":"string","description_kind":"plain","optional":true,"computed":true},"spf_interval_exp_l2":{"type":"string","description_kind":"plain","optional":true,"computed":true}},"block_types":{"isis_interface":{"nesting_mode":"list","block":{"attributes":{"auth_keychain_l1":{"type":"string","description_kind":"plain","optional":true,"computed":true},"auth_keychain_l2":{"type":"string","description_kind":"plain","optional":true,"computed":true},"auth_mode_l1":{"type":"string","description_kind":"plain","optional":true,"computed":true},"auth_mode_l2":{"type":"string","description_kind":"plain","optional":true,"computed":true},"auth_password_l1":{"type":"string","description_kind":"plain","optional":true},"auth_password_l2":{"type":"string","description_kind":"plain","optional":true},"auth_send_only_l1":{"type":"string","description_kind":"plain","optional":true,"computed":true},"auth_send_only_l2":{"type":"string","description_kind":"plain","optional":true,"computed":true},"circuit_type":{"type":"string","description_kind":"plain","optional":true,"computed":true},"csnp_interval_l1":{"type":"number","description_kind":"plain","optional":true,"computed":true},"csnp_interval_l2":{"type":"number","description_kind":"plain","optional":true,"computed":true},"hello_interval_l1":{"type":"number","description_kind":"plain","optional":true,"computed":true},"hello_interval_l2":{"type":"number","description_kind":"plain","optional":true,"computed":true},"hello_multiplier_l1":{"type":"number","description_kind":"plain","optional":true,"computed":true},"hello_multiplier_l2":{"type":"number","description_kind":"plain","optional":true,"computed":true},"hello_padding":{"type":"string","description_kind":"plain","optional":true,"computed":true},"lsp_interval":{"type":"number","description_kind":"plain","optional":true,"computed":true},"lsp_retransmit_interval":{"type":"number","description_kind":"plain","optional":true,"computed":true},"mesh_group":{"type":"string","description_kind":"plain","optional":true,"computed":true},"mesh_group_id":{"type":"number","description_kind":"plain","optional":true,"computed":true},"metric_l1":{"type":"number","description_kind":"plain","optional":true,"computed":true},"metric_l2":{"type":"number","description_kind":"plain","optional":true,"computed":true},"name":{"type":"string","description_kind":"plain","optional":true,"computed":true},"network_type":{"type":"string","description_kind":"plain","optional":true,"computed":true},"priority_l1":{"type":"number","description_kind":"plain","optional":true,"computed":true},"priority_l2":{"type":"number","description_kind":"plain","optional":true,"computed":true},"status":{"type":"string","description_kind":"plain","optional":true,"computed":true},"status6":{"type":"string","description_kind":"plain","optional":true,"computed":true},"wide_metric_l1":{"type":"number","description_kind":"plain","optional":true,"computed":true},"wide_metric_l2":{"type":"number","description_kind":"plain","optional":true,"computed":true}},"description_kind":"plain"}},"isis_net":{"nesting_mode":"list","block":{"attributes":{"id":{"type":"number","description_kind":"plain","optional":true,"computed":true},"net":{"type":"string","description_kind":"plain","optional":true,"computed":true}},"description_kind":"plain"}},"redistribute":{"nesting_mode":"list","block":{"attributes":{"level":{"type":"string","description_kind":"plain","optional":true,"computed":true},"metric":{"type":"number","description_kind":"plain","optional":true,"computed":true},"metric_type":{"type":"string","description_kind":"plain","optional":true,"computed":true},"protocol":{"type":"string","description_kind":"plain","optional":true,"computed":true},"routemap":{"type":"string","description_kind":"plain","optional":true,"computed":true},"status":{"type":"string","description_kind":"plain","optional":true,"computed":true}},"description_kind":"plain"}},"redistribute6":{"nesting_mode":"list","block":{"attributes":{"level":{"type":"string","description_kind":"plain","optional":true,"computed":true},"metric":{"type":"number","description_kind":"plain","optional":true,"computed":true},"metric_type":{"type":"string","description_kind":"plain","optional":true,"computed":true},"protocol":{"type":"string","description_kind":"plain","optional":true,"computed":true},"routemap":{"type":"string","description_kind":"plain","optional":true,"computed":true},"status":{"type":"string","description_kind":"plain","optional":true,"computed":true}},"description_kind":"plain"}},"summary_address":{"nesting_mode":"list","block":{"attributes":{"id":{"type":"number","description_kind":"plain","optional":true,"computed":true},"level":{"type":"string","description_kind":"plain","optional":true,"computed":true},"prefix":{"type":"string","description_kind":"plain","optional":true,"computed":true}},"description_kind":"plain"}},"summary_address6":{"nesting_mode":"list","block":{"attributes":{"id":{"type":"number","description_kind":"plain","optional":true,"computed":true},"level":{"type":"string","description_kind":"plain","optional":true,"computed":true},"prefix6":{"type":"string","description_kind":"plain","optional":true,"computed":true}},"description_kind":"plain"}}},"description_kind":"plain"}},"fortios_router_keychain":{"version":0,"block":{"attributes":{"id":{"type":"string","description_kind":"plain","optional":true,"computed":true},"name":{"type":"string","description_kind":"plain","required":true}},"block_types":{"key":{"nesting_mode":"list","block":{"attributes":{"accept_lifetime":{"type":"string","description_kind":"plain","optional":true,"computed":true},"id":{"type":"number","description_kind":"plain","optional":true,"computed":true},"key_string":{"type":"string","description_kind":"plain","optional":true,"computed":true},"send_lifetime":{"type":"string","description_kind":"plain","optional":true,"computed":true}},"description_kind":"plain"}}},"description_kind":"plain"}},"fortios_router_multicast":{"version":0,"block":{"attributes":{"id":{"type":"string","description_kind":"plain","optional":true,"computed":true},"multicast_routing":{"type":"string","description_kind":"plain","optional":true,"computed":true},"route_limit":{"type":"number","description_kind":"plain","optional":true,"computed":true},"route_threshold":{"type":"number","description_kind":"plain","optional":true,"computed":true}},"block_types":{"interface":{"nesting_mode":"list","block":{"attributes":{"bfd":{"type":"string","description_kind":"plain","optional":true,"computed":true},"cisco_exclude_genid":{"type":"string","description_kind":"plain","optional":true,"computed":true},"dr_priority":{"type":"number","description_kind":"plain","optional":true,"computed":true},"hello_holdtime":{"type":"number","description_kind":"plain","optional":true,"computed":true},"hello_interval":{"type":"number","description_kind":"plain","optional":true,"computed":true},"multicast_flow":{"type":"string","description_kind":"plain","optional":true,"computed":true},"name":{"type":"string","description_kind":"plain","optional":true,"computed":true},"neighbour_filter":{"type":"string","description_kind":"plain","optional":true,"computed":true},"passive":{"type":"string","description_kind":"plain","optional":true,"computed":true},"pim_mode":{"type":"string","description_kind":"plain","optional":true,"computed":true},"propagation_delay":{"type":"number","description_kind":"plain","optional":true,"computed":true},"rp_candidate":{"type":"string","description_kind":"plain","optional":true,"computed":true},"rp_candidate_group":{"type":"string","description_kind":"plain","optional":true,"computed":true},"rp_candidate_interval":{"type":"number","description_kind":"plain","optional":true,"computed":true},"rp_candidate_priority":{"type":"number","description_kind":"plain","optional":true,"computed":true},"state_refresh_interval":{"type":"number","description_kind":"plain","optional":true,"computed":true},"static_group":{"type":"string","description_kind":"plain","optional":true,"computed":true},"ttl_threshold":{"type":"number","description_kind":"plain","optional":true,"computed":true}},"block_types":{"igmp":{"nesting_mode":"list","block":{"attributes":{"access_group":{"type":"string","description_kind":"plain","optional":true,"computed":true},"immediate_leave_group":{"type":"string","description_kind":"plain","optional":true,"computed":true},"last_member_query_count":{"type":"number","description_kind":"plain","optional":true,"computed":true},"last_member_query_interval":{"type":"number","description_kind":"plain","optional":true,"computed":true},"query_interval":{"type":"number","description_kind":"plain","optional":true,"computed":true},"query_max_response_time":{"type":"number","description_kind":"plain","optional":true,"computed":true},"query_timeout":{"type":"number","description_kind":"plain","optional":true,"computed":true},"router_alert_check":{"type":"string","description_kind":"plain","optional":true,"computed":true},"version":{"type":"string","description_kind":"plain","optional":true,"computed":true}},"description_kind":"plain"},"max_items":1},"join_group":{"nesting_mode":"list","block":{"attributes":{"address":{"type":"string","description_kind":"plain","optional":true,"computed":true}},"description_kind":"plain"}}},"description_kind":"plain"}},"pim_sm_global":{"nesting_mode":"list","block":{"attributes":{"accept_register_list":{"type":"string","description_kind":"plain","optional":true,"computed":true},"accept_source_list":{"type":"string","description_kind":"plain","optional":true,"computed":true},"bsr_allow_quick_refresh":{"type":"string","description_kind":"plain","optional":true,"computed":true},"bsr_candidate":{"type":"string","description_kind":"plain","optional":true,"computed":true},"bsr_hash":{"type":"number","description_kind":"plain","optional":true,"computed":true},"bsr_interface":{"type":"string","description_kind":"plain","optional":true,"computed":true},"bsr_priority":{"type":"number","description_kind":"plain","optional":true,"computed":true},"cisco_crp_prefix":{"type":"string","description_kind":"plain","optional":true,"computed":true},"cisco_ignore_rp_set_priority":{"type":"string","description_kind":"plain","optional":true,"computed":true},"cisco_register_checksum":{"type":"string","description_kind":"plain","optional":true,"computed":true},"cisco_register_checksum_group":{"type":"string","description_kind":"plain","optional":true,"computed":true},"join_prune_holdtime":{"type":"number","description_kind":"plain","optional":true,"computed":true},"message_interval":{"type":"number","description_kind":"plain","optional":true,"computed":true},"null_register_retries":{"type":"number","description_kind":"plain","optional":true,"computed":true},"register_rate_limit":{"type":"number","description_kind":"plain","optional":true,"computed":true},"register_rp_reachability":{"type":"string","description_kind":"plain","optional":true,"computed":true},"register_source":{"type":"string","description_kind":"plain","optional":true,"computed":true},"register_source_interface":{"type":"string","description_kind":"plain","optional":true,"computed":true},"register_source_ip":{"type":"string","description_kind":"plain","optional":true,"computed":true},"register_supression":{"type":"number","description_kind":"plain","optional":true,"computed":true},"rp_register_keepalive":{"type":"number","description_kind":"plain","optional":true,"computed":true},"spt_threshold":{"type":"string","description_kind":"plain","optional":true,"computed":true},"spt_threshold_group":{"type":"string","description_kind":"plain","optional":true,"computed":true},"ssm":{"type":"string","description_kind":"plain","optional":true,"computed":true},"ssm_range":{"type":"string","description_kind":"plain","optional":true,"computed":true}},"block_types":{"rp_address":{"nesting_mode":"list","block":{"attributes":{"group":{"type":"string","description_kind":"plain","optional":true,"computed":true},"id":{"type":"number","description_kind":"plain","optional":true,"computed":true},"ip_address":{"type":"string","description_kind":"plain","optional":true,"computed":true}},"description_kind":"plain"}}},"description_kind":"plain"},"max_items":1}},"description_kind":"plain"}},"fortios_router_multicast6":{"version":0,"block":{"attributes":{"id":{"type":"string","description_kind":"plain","optional":true,"computed":true},"multicast_pmtu":{"type":"string","description_kind":"plain","optional":true,"computed":true},"multicast_routing":{"type":"string","description_kind":"plain","optional":true,"computed":true}},"block_types":{"interface":{"nesting_mode":"list","block":{"attributes":{"hello_holdtime":{"type":"number","description_kind":"plain","optional":true,"computed":true},"hello_interval":{"type":"number","description_kind":"plain","optional":true,"computed":true},"name":{"type":"string","description_kind":"plain","optional":true,"computed":true}},"description_kind":"plain"}},"pim_sm_global":{"nesting_mode":"list","block":{"attributes":{"register_rate_limit":{"type":"number","description_kind":"plain","optional":true,"computed":true}},"block_types":{"rp_address":{"nesting_mode":"list","block":{"attributes":{"id":{"type":"number","description_kind":"plain","optional":true,"computed":true},"ip6_address":{"type":"string","description_kind":"plain","optional":true,"computed":true}},"description_kind":"plain"}}},"description_kind":"plain"},"max_items":1}},"description_kind":"plain"}},"fortios_router_multicastflow":{"version":0,"block":{"attributes":{"comments":{"type":"string","description_kind":"plain","optional":true,"computed":true},"id":{"type":"string","description_kind":"plain","optional":true,"computed":true},"name":{"type":"string","description_kind":"plain","required":true}},"block_types":{"flows":{"nesting_mode":"list","block":{"attributes":{"group_addr":{"type":"string","description_kind":"plain","optional":true,"computed":true},"id":{"type":"number","description_kind":"plain","optional":true,"computed":true},"source_addr":{"type":"string","description_kind":"plain","optional":true,"computed":true}},"description_kind":"plain"}}},"description_kind":"plain"}},"fortios_router_ospf":{"version":0,"block":{"attributes":{"abr_type":{"type":"string","description_kind":"plain","optional":true,"computed":true},"auto_cost_ref_bandwidth":{"type":"number","description_kind":"plain","optional":true,"computed":true},"bfd":{"type":"string","description_kind":"plain","optional":true,"computed":true},"database_overflow":{"type":"string","description_kind":"plain","optional":true,"computed":true},"database_overflow_max_lsas":{"type":"number","description_kind":"plain","optional":true,"computed":true},"database_overflow_time_to_recover":{"type":"number","description_kind":"plain","optional":true,"computed":true},"default_information_metric":{"type":"number","description_kind":"plain","optional":true,"computed":true},"default_information_metric_type":{"type":"string","description_kind":"plain","optional":true,"computed":true},"default_information_originate":{"type":"string","description_kind":"plain","optional":true,"computed":true},"default_information_route_map":{"type":"string","description_kind":"plain","optional":true,"computed":true},"default_metric":{"type":"number","description_kind":"plain","optional":true,"computed":true},"distance":{"type":"number","description_kind":"plain","optional":true,"computed":true},"distance_external":{"type":"number","description_kind":"plain","optional":true,"computed":true},"distance_inter_area":{"type":"number","description_kind":"plain","optional":true,"computed":true},"distance_intra_area":{"type":"number","description_kind":"plain","optional":true,"computed":true},"distribute_list_in":{"type":"string","description_kind":"plain","optional":true,"computed":true},"distribute_route_map_in":{"type":"string","description_kind":"plain","optional":true,"computed":true},"id":{"type":"string","description_kind":"plain","optional":true,"computed":true},"log_neighbour_changes":{"type":"string","description_kind":"plain","optional":true,"computed":true},"restart_mode":{"type":"string","description_kind":"plain","optional":true,"computed":true},"restart_period":{"type":"number","description_kind":"plain","optional":true,"computed":true},"rfc1583_compatible":{"type":"string","description_kind":"plain","optional":true,"computed":true},"router_id":{"type":"string","description_kind":"plain","required":true},"spf_timers":{"type":"string","description_kind":"plain","optional":true,"computed":true}},"block_types":{"area":{"nesting_mode":"list","block":{"attributes":{"authentication":{"type":"string","description_kind":"plain","optional":true,"computed":true},"default_cost":{"type":"number","description_kind":"plain","optional":true,"computed":true},"id":{"type":"string","description_kind":"plain","optional":true,"computed":true},"nssa_default_information_originate":{"type":"string","description_kind":"plain","optional":true,"computed":true},"nssa_default_information_originate_metric":{"type":"number","description_kind":"plain","optional":true,"computed":true},"nssa_default_information_originate_metric_type":{"type":"string","description_kind":"plain","optional":true,"computed":true},"nssa_redistribution":{"type":"string","description_kind":"plain","optional":true,"computed":true},"nssa_translator_role":{"type":"string","description_kind":"plain","optional":true,"computed":true},"shortcut":{"type":"string","description_kind":"plain","optional":true,"computed":true},"stub_type":{"type":"string","description_kind":"plain","optional":true,"computed":true},"type":{"type":"string","description_kind":"plain","optional":true,"computed":true}},"block_types":{"filter_list":{"nesting_mode":"list","block":{"attributes":{"direction":{"type":"string","description_kind":"plain","optional":true,"computed":true},"id":{"type":"number","description_kind":"plain","optional":true,"computed":true},"list":{"type":"string","description_kind":"plain","optional":true,"computed":true}},"description_kind":"plain"}},"range":{"nesting_mode":"list","block":{"attributes":{"advertise":{"type":"string","description_kind":"plain","optional":true,"computed":true},"id":{"type":"number","description_kind":"plain","optional":true,"computed":true},"prefix":{"type":"string","description_kind":"plain","optional":true,"computed":true},"substitute":{"type":"string","description_kind":"plain","optional":true,"computed":true},"substitute_status":{"type":"string","description_kind":"plain","optional":true,"computed":true}},"description_kind":"plain"}},"virtual_link":{"nesting_mode":"list","block":{"attributes":{"authentication":{"type":"string","description_kind":"plain","optional":true,"computed":true},"authentication_key":{"type":"string","description_kind":"plain","optional":true},"dead_interval":{"type":"number","description_kind":"plain","optional":true,"computed":true},"hello_interval":{"type":"number","description_kind":"plain","optional":true,"computed":true},"md5_key":{"type":"string","description_kind":"plain","optional":true,"computed":true},"md5_keychain":{"type":"string","description_kind":"plain","optional":true,"computed":true},"name":{"type":"string","description_kind":"plain","optional":true,"computed":true},"peer":{"type":"string","description_kind":"plain","optional":true,"computed":true},"retransmit_interval":{"type":"number","description_kind":"plain","optional":true,"computed":true},"transmit_delay":{"type":"number","description_kind":"plain","optional":true,"computed":true}},"description_kind":"plain"}}},"description_kind":"plain"}},"distribute_list":{"nesting_mode":"list","block":{"attributes":{"access_list":{"type":"string","description_kind":"plain","optional":true,"computed":true},"id":{"type":"number","description_kind":"plain","optional":true,"computed":true},"protocol":{"type":"string","description_kind":"plain","optional":true,"computed":true}},"description_kind":"plain"}},"neighbor":{"nesting_mode":"list","block":{"attributes":{"cost":{"type":"number","description_kind":"plain","optional":true,"computed":true},"id":{"type":"number","description_kind":"plain","optional":true,"computed":true},"ip":{"type":"string","description_kind":"plain","optional":true,"computed":true},"poll_interval":{"type":"number","description_kind":"plain","optional":true,"computed":true},"priority":{"type":"number","description_kind":"plain","optional":true,"computed":true}},"description_kind":"plain"}},"network":{"nesting_mode":"list","block":{"attributes":{"area":{"type":"string","description_kind":"plain","optional":true,"computed":true},"id":{"type":"number","description_kind":"plain","optional":true,"computed":true},"prefix":{"type":"string","description_kind":"plain","optional":true,"computed":true}},"description_kind":"plain"}},"ospf_interface":{"nesting_mode":"list","block":{"attributes":{"authentication":{"type":"string","description_kind":"plain","optional":true,"computed":true},"authentication_key":{"type":"string","description_kind":"plain","optional":true},"bfd":{"type":"string","description_kind":"plain","optional":true,"computed":true},"cost":{"type":"number","description_kind":"plain","optional":true,"computed":true},"database_filter_out":{"type":"string","description_kind":"plain","optional":true,"computed":true},"dead_interval":{"type":"number","description_kind":"plain","optional":true,"computed":true},"hello_interval":{"type":"number","description_kind":"plain","optional":true,"computed":true},"hello_multiplier":{"type":"number","description_kind":"plain","optional":true,"computed":true},"interface":{"type":"string","description_kind":"plain","optional":true,"computed":true},"ip":{"type":"string","description_kind":"plain","optional":true,"computed":true},"md5_key":{"type":"string","description_kind":"plain","optional":true,"computed":true},"md5_keychain":{"type":"string","description_kind":"plain","optional":true,"computed":true},"mtu":{"type":"number","description_kind":"plain","optional":true,"computed":true},"mtu_ignore":{"type":"string","description_kind":"plain","optional":true,"computed":true},"name":{"type":"string","description_kind":"plain","optional":true,"computed":true},"network_type":{"type":"string","description_kind":"plain","optional":true,"computed":true},"prefix_length":{"type":"number","description_kind":"plain","optional":true,"computed":true},"priority":{"type":"number","description_kind":"plain","optional":true,"computed":true},"resync_timeout":{"type":"number","description_kind":"plain","optional":true,"computed":true},"retransmit_interval":{"type":"number","description_kind":"plain","optional":true,"computed":true},"status":{"type":"string","description_kind":"plain","optional":true,"computed":true},"transmit_delay":{"type":"number","description_kind":"plain","optional":true,"computed":true}},"description_kind":"plain"}},"passive_interface":{"nesting_mode":"list","block":{"attributes":{"name":{"type":"string","description_kind":"plain","optional":true,"computed":true}},"description_kind":"plain"}},"redistribute":{"nesting_mode":"list","block":{"attributes":{"metric":{"type":"number","description_kind":"plain","optional":true,"computed":true},"metric_type":{"type":"string","description_kind":"plain","optional":true,"computed":true},"name":{"type":"string","description_kind":"plain","optional":true,"computed":true},"routemap":{"type":"string","description_kind":"plain","optional":true,"computed":true},"status":{"type":"string","description_kind":"plain","optional":true,"computed":true},"tag":{"type":"number","description_kind":"plain","optional":true,"computed":true}},"description_kind":"plain"}},"summary_address":{"nesting_mode":"list","block":{"attributes":{"advertise":{"type":"string","description_kind":"plain","optional":true,"computed":true},"id":{"type":"number","description_kind":"plain","optional":true,"computed":true},"prefix":{"type":"string","description_kind":"plain","optional":true,"computed":true},"tag":{"type":"number","description_kind":"plain","optional":true,"computed":true}},"description_kind":"plain"}}},"description_kind":"plain"}},"fortios_router_ospf6":{"version":0,"block":{"attributes":{"abr_type":{"type":"string","description_kind":"plain","optional":true,"computed":true},"auto_cost_ref_bandwidth":{"type":"number","description_kind":"plain","optional":true,"computed":true},"bfd":{"type":"string","description_kind":"plain","optional":true,"computed":true},"default_information_metric":{"type":"number","description_kind":"plain","optional":true,"computed":true},"default_information_metric_type":{"type":"string","description_kind":"plain","optional":true,"computed":true},"default_information_originate":{"type":"string","description_kind":"plain","optional":true,"computed":true},"default_information_route_map":{"type":"string","description_kind":"plain","optional":true,"computed":true},"default_metric":{"type":"number","description_kind":"plain","optional":true,"computed":true},"id":{"type":"string","description_kind":"plain","optional":true,"computed":true},"log_neighbour_changes":{"type":"string","description_kind":"plain","optional":true,"computed":true},"router_id":{"type":"string","description_kind":"plain","required":true},"spf_timers":{"type":"string","description_kind":"plain","optional":true,"computed":true}},"block_types":{"area":{"nesting_mode":"list","block":{"attributes":{"default_cost":{"type":"number","description_kind":"plain","optional":true,"computed":true},"id":{"type":"string","description_kind":"plain","optional":true,"computed":true},"nssa_default_information_originate":{"type":"string","description_kind":"plain","optional":true,"computed":true},"nssa_default_information_originate_metric":{"type":"number","description_kind":"plain","optional":true,"computed":true},"nssa_default_information_originate_metric_type":{"type":"string","description_kind":"plain","optional":true,"computed":true},"nssa_redistribution":{"type":"string","description_kind":"plain","optional":true,"computed":true},"nssa_translator_role":{"type":"string","description_kind":"plain","optional":true,"computed":true},"stub_type":{"type":"string","description_kind":"plain","optional":true,"computed":true},"type":{"type":"string","description_kind":"plain","optional":true,"computed":true}},"block_types":{"range":{"nesting_mode":"list","block":{"attributes":{"advertise":{"type":"string","description_kind":"plain","optional":true,"computed":true},"id":{"type":"number","description_kind":"plain","optional":true,"computed":true},"prefix6":{"type":"string","description_kind":"plain","optional":true,"computed":true}},"description_kind":"plain"}},"virtual_link":{"nesting_mode":"list","block":{"attributes":{"dead_interval":{"type":"number","description_kind":"plain","optional":true,"computed":true},"hello_interval":{"type":"number","description_kind":"plain","optional":true,"computed":true},"name":{"type":"string","description_kind":"plain","optional":true,"computed":true},"peer":{"type":"string","description_kind":"plain","optional":true,"computed":true},"retransmit_interval":{"type":"number","description_kind":"plain","optional":true,"computed":true},"transmit_delay":{"type":"number","description_kind":"plain","optional":true,"computed":true}},"description_kind":"plain"}}},"description_kind":"plain"}},"ospf6_interface":{"nesting_mode":"list","block":{"attributes":{"area_id":{"type":"string","description_kind":"plain","optional":true,"computed":true},"bfd":{"type":"string","description_kind":"plain","optional":true,"computed":true},"cost":{"type":"number","description_kind":"plain","optional":true,"computed":true},"dead_interval":{"type":"number","description_kind":"plain","optional":true,"computed":true},"hello_interval":{"type":"number","description_kind":"plain","optional":true,"computed":true},"interface":{"type":"string","description_kind":"plain","optional":true,"computed":true},"mtu":{"type":"number","description_kind":"plain","optional":true,"computed":true},"mtu_ignore":{"type":"string","description_kind":"plain","optional":true,"computed":true},"name":{"type":"string","description_kind":"plain","optional":true,"computed":true},"network_type":{"type":"string","description_kind":"plain","optional":true,"computed":true},"priority":{"type":"number","description_kind":"plain","optional":true,"computed":true},"retransmit_interval":{"type":"number","description_kind":"plain","optional":true,"computed":true},"status":{"type":"string","description_kind":"plain","optional":true,"computed":true},"transmit_delay":{"type":"number","description_kind":"plain","optional":true,"computed":true}},"block_types":{"neighbor":{"nesting_mode":"list","block":{"attributes":{"cost":{"type":"number","description_kind":"plain","optional":true,"computed":true},"ip6":{"type":"string","description_kind":"plain","optional":true,"computed":true},"poll_interval":{"type":"number","description_kind":"plain","optional":true,"computed":true},"priority":{"type":"number","description_kind":"plain","optional":true,"computed":true}},"description_kind":"plain"}}},"description_kind":"plain"}},"passive_interface":{"nesting_mode":"list","block":{"attributes":{"name":{"type":"string","description_kind":"plain","optional":true,"computed":true}},"description_kind":"plain"}},"redistribute":{"nesting_mode":"list","block":{"attributes":{"metric":{"type":"number","description_kind":"plain","optional":true,"computed":true},"metric_type":{"type":"string","description_kind":"plain","optional":true,"computed":true},"name":{"type":"string","description_kind":"plain","optional":true,"computed":true},"routemap":{"type":"string","description_kind":"plain","optional":true,"computed":true},"status":{"type":"string","description_kind":"plain","optional":true,"computed":true}},"description_kind":"plain"}},"summary_address":{"nesting_mode":"list","block":{"attributes":{"advertise":{"type":"string","description_kind":"plain","optional":true,"computed":true},"id":{"type":"number","description_kind":"plain","optional":true,"computed":true},"prefix6":{"type":"string","description_kind":"plain","optional":true,"computed":true},"tag":{"type":"number","description_kind":"plain","optional":true,"computed":true}},"description_kind":"plain"}}},"description_kind":"plain"}},"fortios_router_policy":{"version":0,"block":{"attributes":{"action":{"type":"string","description_kind":"plain","optional":true,"computed":true},"comments":{"type":"string","description_kind":"plain","optional":true},"dst_negate":{"type":"string","description_kind":"plain","optional":true,"computed":true},"end_port":{"type":"number","description_kind":"plain","optional":true,"computed":true},"end_source_port":{"type":"number","description_kind":"plain","optional":true,"computed":true},"gateway":{"type":"string","description_kind":"plain","optional":true,"computed":true},"id":{"type":"string","description_kind":"plain","optional":true,"computed":true},"output_device":{"type":"string","description_kind":"plain","optional":true,"computed":true},"protocol":{"type":"number","description_kind":"plain","optional":true,"computed":true},"seq_num":{"type":"number","description_kind":"plain","optional":true,"computed":true},"src_negate":{"type":"string","description_kind":"plain","optional":true,"computed":true},"start_port":{"type":"number","description_kind":"plain","optional":true,"computed":true},"start_source_port":{"type":"number","description_kind":"plain","optional":true,"computed":true},"status":{"type":"string","description_kind":"plain","optional":true,"computed":true},"tos":{"type":"string","description_kind":"plain","optional":true,"computed":true},"tos_mask":{"type":"string","description_kind":"plain","optional":true,"computed":true}},"block_types":{"dst":{"nesting_mode":"list","block":{"attributes":{"subnet":{"type":"string","description_kind":"plain","optional":true,"computed":true}},"description_kind":"plain"}},"dstaddr":{"nesting_mode":"list","block":{"attributes":{"name":{"type":"string","description_kind":"plain","optional":true,"computed":true}},"description_kind":"plain"}},"input_device":{"nesting_mode":"list","block":{"attributes":{"name":{"type":"string","description_kind":"plain","optional":true,"computed":true}},"description_kind":"plain"}},"src":{"nesting_mode":"list","block":{"attributes":{"subnet":{"type":"string","description_kind":"plain","optional":true,"computed":true}},"description_kind":"plain"}},"srcaddr":{"nesting_mode":"list","block":{"attributes":{"name":{"type":"string","description_kind":"plain","optional":true,"computed":true}},"description_kind":"plain"}}},"description_kind":"plain"}},"fortios_router_policy6":{"version":0,"block":{"attributes":{"comments":{"type":"string","description_kind":"plain","optional":true},"dst":{"type":"string","description_kind":"plain","optional":true,"computed":true},"end_port":{"type":"number","description_kind":"plain","optional":true,"computed":true},"gateway":{"type":"string","description_kind":"plain","optional":true,"computed":true},"id":{"type":"string","description_kind":"plain","optional":true,"computed":true},"input_device":{"type":"string","description_kind":"plain","required":true},"output_device":{"type":"string","description_kind":"plain","optional":true,"computed":true},"protocol":{"type":"number","description_kind":"plain","optional":true,"computed":true},"seq_num":{"type":"number","description_kind":"plain","optional":true,"computed":true},"src":{"type":"string","description_kind":"plain","optional":true,"computed":true},"start_port":{"type":"number","description_kind":"plain","optional":true,"computed":true},"status":{"type":"string","description_kind":"plain","optional":true,"computed":true},"tos":{"type":"string","description_kind":"plain","optional":true,"computed":true},"tos_mask":{"type":"string","description_kind":"plain","optional":true,"computed":true}},"description_kind":"plain"}},"fortios_router_prefixlist":{"version":0,"block":{"attributes":{"comments":{"type":"string","description_kind":"plain","optional":true,"computed":true},"id":{"type":"string","description_kind":"plain","optional":true,"computed":true},"name":{"type":"string","description_kind":"plain","required":true}},"block_types":{"rule":{"nesting_mode":"list","block":{"attributes":{"action":{"type":"string","description_kind":"plain","optional":true,"computed":true},"flags":{"type":"number","description_kind":"plain","optional":true,"computed":true},"ge":{"type":"number","description_kind":"plain","optional":true,"computed":true},"id":{"type":"number","description_kind":"plain","optional":true,"computed":true},"le":{"type":"number","description_kind":"plain","optional":true,"computed":true},"prefix":{"type":"string","description_kind":"plain","optional":true,"computed":true}},"description_kind":"plain"}}},"description_kind":"plain"}},"fortios_router_prefixlist6":{"version":0,"block":{"attributes":{"comments":{"type":"string","description_kind":"plain","optional":true,"computed":true},"id":{"type":"string","description_kind":"plain","optional":true,"computed":true},"name":{"type":"string","description_kind":"plain","required":true}},"block_types":{"rule":{"nesting_mode":"list","block":{"attributes":{"action":{"type":"string","description_kind":"plain","optional":true,"computed":true},"flags":{"type":"number","description_kind":"plain","optional":true,"computed":true},"ge":{"type":"number","description_kind":"plain","optional":true,"computed":true},"id":{"type":"number","description_kind":"plain","optional":true,"computed":true},"le":{"type":"number","description_kind":"plain","optional":true,"computed":true},"prefix6":{"type":"string","description_kind":"plain","optional":true,"computed":true}},"description_kind":"plain"}}},"description_kind":"plain"}},"fortios_router_rip":{"version":0,"block":{"attributes":{"default_information_originate":{"type":"string","description_kind":"plain","optional":true,"computed":true},"default_metric":{"type":"number","description_kind":"plain","optional":true,"computed":true},"garbage_timer":{"type":"number","description_kind":"plain","optional":true,"computed":true},"id":{"type":"string","description_kind":"plain","optional":true,"computed":true},"max_out_metric":{"type":"number","description_kind":"plain","optional":true,"computed":true},"recv_buffer_size":{"type":"number","description_kind":"plain","optional":true,"computed":true},"timeout_timer":{"type":"number","description_kind":"plain","optional":true,"computed":true},"update_timer":{"type":"number","description_kind":"plain","optional":true,"computed":true},"version":{"type":"string","description_kind":"plain","optional":true,"computed":true}},"block_types":{"distance":{"nesting_mode":"list","block":{"attributes":{"access_list":{"type":"string","description_kind":"plain","optional":true,"computed":true},"distance":{"type":"number","description_kind":"plain","optional":true,"computed":true},"id":{"type":"number","description_kind":"plain","optional":true,"computed":true},"prefix":{"type":"string","description_kind":"plain","optional":true,"computed":true}},"description_kind":"plain"}},"distribute_list":{"nesting_mode":"list","block":{"attributes":{"direction":{"type":"string","description_kind":"plain","optional":true,"computed":true},"id":{"type":"number","description_kind":"plain","optional":true,"computed":true},"interface":{"type":"string","description_kind":"plain","optional":true,"computed":true},"listname":{"type":"string","description_kind":"plain","optional":true,"computed":true},"status":{"type":"string","description_kind":"plain","optional":true,"computed":true}},"description_kind":"plain"}},"interface":{"nesting_mode":"list","block":{"attributes":{"auth_keychain":{"type":"string","description_kind":"plain","optional":true,"computed":true},"auth_mode":{"type":"string","description_kind":"plain","optional":true,"computed":true},"auth_string":{"type":"string","description_kind":"plain","optional":true},"flags":{"type":"number","description_kind":"plain","optional":true,"computed":true},"name":{"type":"string","description_kind":"plain","optional":true,"computed":true},"receive_version":{"type":"string","description_kind":"plain","optional":true,"computed":true},"send_version":{"type":"string","description_kind":"plain","optional":true,"computed":true},"send_version2_broadcast":{"type":"string","description_kind":"plain","optional":true,"computed":true},"split_horizon":{"type":"string","description_kind":"plain","optional":true,"computed":true},"split_horizon_status":{"type":"string","description_kind":"plain","optional":true,"computed":true}},"description_kind":"plain"}},"neighbor":{"nesting_mode":"list","block":{"attributes":{"id":{"type":"number","description_kind":"plain","optional":true,"computed":true},"ip":{"type":"string","description_kind":"plain","optional":true,"computed":true}},"description_kind":"plain"}},"network":{"nesting_mode":"list","block":{"attributes":{"id":{"type":"number","description_kind":"plain","optional":true,"computed":true},"prefix":{"type":"string","description_kind":"plain","optional":true,"computed":true}},"description_kind":"plain"}},"offset_list":{"nesting_mode":"list","block":{"attributes":{"access_list":{"type":"string","description_kind":"plain","optional":true,"computed":true},"direction":{"type":"string","description_kind":"plain","optional":true,"computed":true},"id":{"type":"number","description_kind":"plain","optional":true,"computed":true},"interface":{"type":"string","description_kind":"plain","optional":true,"computed":true},"offset":{"type":"number","description_kind":"plain","optional":true,"computed":true},"status":{"type":"string","description_kind":"plain","optional":true,"computed":true}},"description_kind":"plain"}},"passive_interface":{"nesting_mode":"list","block":{"attributes":{"name":{"type":"string","description_kind":"plain","optional":true,"computed":true}},"description_kind":"plain"}},"redistribute":{"nesting_mode":"list","block":{"attributes":{"metric":{"type":"number","description_kind":"plain","optional":true,"computed":true},"name":{"type":"string","description_kind":"plain","optional":true,"computed":true},"routemap":{"type":"string","description_kind":"plain","optional":true,"computed":true},"status":{"type":"string","description_kind":"plain","optional":true,"computed":true}},"description_kind":"plain"}}},"description_kind":"plain"}},"fortios_router_ripng":{"version":0,"block":{"attributes":{"default_information_originate":{"type":"string","description_kind":"plain","optional":true,"computed":true},"default_metric":{"type":"number","description_kind":"plain","optional":true,"computed":true},"garbage_timer":{"type":"number","description_kind":"plain","optional":true,"computed":true},"id":{"type":"string","description_kind":"plain","optional":true,"computed":true},"max_out_metric":{"type":"number","description_kind":"plain","optional":true,"computed":true},"timeout_timer":{"type":"number","description_kind":"plain","optional":true,"computed":true},"update_timer":{"type":"number","description_kind":"plain","optional":true,"computed":true}},"block_types":{"aggregate_address":{"nesting_mode":"list","block":{"attributes":{"id":{"type":"number","description_kind":"plain","optional":true,"computed":true},"prefix6":{"type":"string","description_kind":"plain","optional":true,"computed":true}},"description_kind":"plain"}},"distance":{"nesting_mode":"list","block":{"attributes":{"access_list6":{"type":"string","description_kind":"plain","optional":true,"computed":true},"distance":{"type":"number","description_kind":"plain","optional":true,"computed":true},"id":{"type":"number","description_kind":"plain","optional":true,"computed":true},"prefix6":{"type":"string","description_kind":"plain","optional":true,"computed":true}},"description_kind":"plain"}},"distribute_list":{"nesting_mode":"list","block":{"attributes":{"direction":{"type":"string","description_kind":"plain","optional":true,"computed":true},"id":{"type":"number","description_kind":"plain","optional":true,"computed":true},"interface":{"type":"string","description_kind":"plain","optional":true,"computed":true},"listname":{"type":"string","description_kind":"plain","optional":true,"computed":true},"status":{"type":"string","description_kind":"plain","optional":true,"computed":true}},"description_kind":"plain"}},"interface":{"nesting_mode":"list","block":{"attributes":{"flags":{"type":"number","description_kind":"plain","optional":true,"computed":true},"name":{"type":"string","description_kind":"plain","optional":true,"computed":true},"split_horizon":{"type":"string","description_kind":"plain","optional":true,"computed":true},"split_horizon_status":{"type":"string","description_kind":"plain","optional":true,"computed":true}},"description_kind":"plain"}},"neighbor":{"nesting_mode":"list","block":{"attributes":{"id":{"type":"number","description_kind":"plain","optional":true,"computed":true},"interface":{"type":"string","description_kind":"plain","optional":true,"computed":true},"ip6":{"type":"string","description_kind":"plain","optional":true,"computed":true}},"description_kind":"plain"}},"network":{"nesting_mode":"list","block":{"attributes":{"id":{"type":"number","description_kind":"plain","optional":true,"computed":true},"prefix":{"type":"string","description_kind":"plain","optional":true,"computed":true}},"description_kind":"plain"}},"offset_list":{"nesting_mode":"list","block":{"attributes":{"access_list6":{"type":"string","description_kind":"plain","optional":true,"computed":true},"direction":{"type":"string","description_kind":"plain","optional":true,"computed":true},"id":{"type":"number","description_kind":"plain","optional":true,"computed":true},"interface":{"type":"string","description_kind":"plain","optional":true,"computed":true},"offset":{"type":"number","description_kind":"plain","optional":true,"computed":true},"status":{"type":"string","description_kind":"plain","optional":true,"computed":true}},"description_kind":"plain"}},"passive_interface":{"nesting_mode":"list","block":{"attributes":{"name":{"type":"string","description_kind":"plain","optional":true,"computed":true}},"description_kind":"plain"}},"redistribute":{"nesting_mode":"list","block":{"attributes":{"metric":{"type":"number","description_kind":"plain","optional":true,"computed":true},"name":{"type":"string","description_kind":"plain","optional":true,"computed":true},"routemap":{"type":"string","description_kind":"plain","optional":true,"computed":true},"status":{"type":"string","description_kind":"plain","optional":true,"computed":true}},"description_kind":"plain"}}},"description_kind":"plain"}},"fortios_router_routemap":{"version":0,"block":{"attributes":{"comments":{"type":"string","description_kind":"plain","optional":true,"computed":true},"id":{"type":"string","description_kind":"plain","optional":true,"computed":true},"name":{"type":"string","description_kind":"plain","required":true}},"block_types":{"rule":{"nesting_mode":"list","block":{"attributes":{"action":{"type":"string","description_kind":"plain","optional":true,"computed":true},"id":{"type":"number","description_kind":"plain","optional":true,"computed":true},"match_as_path":{"type":"string","description_kind":"plain","optional":true,"computed":true},"match_community":{"type":"string","description_kind":"plain","optional":true,"computed":true},"match_community_exact":{"type":"string","description_kind":"plain","optional":true,"computed":true},"match_flags":{"type":"number","description_kind":"plain","optional":true,"computed":true},"match_interface":{"type":"string","description_kind":"plain","optional":true,"computed":true},"match_ip6_address":{"type":"string","description_kind":"plain","optional":true,"computed":true},"match_ip6_nexthop":{"type":"string","description_kind":"plain","optional":true,"computed":true},"match_ip_address":{"type":"string","description_kind":"plain","optional":true,"computed":true},"match_ip_nexthop":{"type":"string","description_kind":"plain","optional":true,"computed":true},"match_metric":{"type":"number","description_kind":"plain","optional":true,"computed":true},"match_origin":{"type":"string","description_kind":"plain","optional":true,"computed":true},"match_route_type":{"type":"string","description_kind":"plain","optional":true,"computed":true},"match_tag":{"type":"number","description_kind":"plain","optional":true,"computed":true},"set_aggregator_as":{"type":"number","description_kind":"plain","optional":true,"computed":true},"set_aggregator_ip":{"type":"string","description_kind":"plain","optional":true,"computed":true},"set_aspath_action":{"type":"string","description_kind":"plain","optional":true,"computed":true},"set_atomic_aggregate":{"type":"string","description_kind":"plain","optional":true,"computed":true},"set_community_additive":{"type":"string","description_kind":"plain","optional":true,"computed":true},"set_community_delete":{"type":"string","description_kind":"plain","optional":true,"computed":true},"set_dampening_max_suppress":{"type":"number","description_kind":"plain","optional":true,"computed":true},"set_dampening_reachability_half_life":{"type":"number","description_kind":"plain","optional":true,"computed":true},"set_dampening_reuse":{"type":"number","description_kind":"plain","optional":true,"computed":true},"set_dampening_suppress":{"type":"number","description_kind":"plain","optional":true,"computed":true},"set_dampening_unreachability_half_life":{"type":"number","description_kind":"plain","optional":true,"computed":true},"set_flags":{"type":"number","description_kind":"plain","optional":true,"computed":true},"set_ip6_nexthop":{"type":"string","description_kind":"plain","optional":true,"computed":true},"set_ip6_nexthop_local":{"type":"string","description_kind":"plain","optional":true,"computed":true},"set_ip_nexthop":{"type":"string","description_kind":"plain","optional":true,"computed":true},"set_local_preference":{"type":"number","description_kind":"plain","optional":true,"computed":true},"set_metric":{"type":"number","description_kind":"plain","optional":true,"computed":true},"set_metric_type":{"type":"string","description_kind":"plain","optional":true,"computed":true},"set_origin":{"type":"string","description_kind":"plain","optional":true,"computed":true},"set_originator_id":{"type":"string","description_kind":"plain","optional":true,"computed":true},"set_route_tag":{"type":"number","description_kind":"plain","optional":true,"computed":true},"set_tag":{"type":"number","description_kind":"plain","optional":true,"computed":true},"set_weight":{"type":"number","description_kind":"plain","optional":true,"computed":true}},"block_types":{"set_aspath":{"nesting_mode":"list","block":{"attributes":{"as":{"type":"string","description_kind":"plain","optional":true,"computed":true}},"description_kind":"plain"}},"set_community":{"nesting_mode":"list","block":{"attributes":{"community":{"type":"string","description_kind":"plain","optional":true,"computed":true}},"description_kind":"plain"}},"set_extcommunity_rt":{"nesting_mode":"list","block":{"attributes":{"community":{"type":"string","description_kind":"plain","optional":true,"computed":true}},"description_kind":"plain"}},"set_extcommunity_soo":{"nesting_mode":"list","block":{"attributes":{"community":{"type":"string","description_kind":"plain","optional":true,"computed":true}},"description_kind":"plain"}}},"description_kind":"plain"}}},"description_kind":"plain"}},"fortios_router_setting":{"version":0,"block":{"attributes":{"bgp_debug_flags":{"type":"string","description_kind":"plain","optional":true,"computed":true},"hostname":{"type":"string","description_kind":"plain","optional":true,"computed":true},"id":{"type":"string","description_kind":"plain","optional":true,"computed":true},"igmp_debug_flags":{"type":"string","description_kind":"plain","optional":true,"computed":true},"imi_debug_flags":{"type":"string","description_kind":"plain","optional":true,"computed":true},"isis_debug_flags":{"type":"string","description_kind":"plain","optional":true,"computed":true},"ospf6_debug_events_flags":{"type":"string","description_kind":"plain","optional":true,"computed":true},"ospf6_debug_ifsm_flags":{"type":"string","description_kind":"plain","optional":true,"computed":true},"ospf6_debug_lsa_flags":{"type":"string","description_kind":"plain","optional":true,"computed":true},"ospf6_debug_nfsm_flags":{"type":"string","description_kind":"plain","optional":true,"computed":true},"ospf6_debug_nsm_flags":{"type":"string","description_kind":"plain","optional":true,"computed":true},"ospf6_debug_packet_flags":{"type":"string","description_kind":"plain","optional":true,"computed":true},"ospf6_debug_route_flags":{"type":"string","description_kind":"plain","optional":true,"computed":true},"ospf_debug_events_flags":{"type":"string","description_kind":"plain","optional":true,"computed":true},"ospf_debug_ifsm_flags":{"type":"string","description_kind":"plain","optional":true,"computed":true},"ospf_debug_lsa_flags":{"type":"string","description_kind":"plain","optional":true,"computed":true},"ospf_debug_nfsm_flags":{"type":"string","description_kind":"plain","optional":true,"computed":true},"ospf_debug_nsm_flags":{"type":"string","description_kind":"plain","optional":true,"computed":true},"ospf_debug_packet_flags":{"type":"string","description_kind":"plain","optional":true,"computed":true},"ospf_debug_route_flags":{"type":"string","description_kind":"plain","optional":true,"computed":true},"pimdm_debug_flags":{"type":"string","description_kind":"plain","optional":true,"computed":true},"pimsm_debug_joinprune_flags":{"type":"string","description_kind":"plain","optional":true,"computed":true},"pimsm_debug_simple_flags":{"type":"string","description_kind":"plain","optional":true,"computed":true},"pimsm_debug_timer_flags":{"type":"string","description_kind":"plain","optional":true,"computed":true},"rip_debug_flags":{"type":"string","description_kind":"plain","optional":true,"computed":true},"ripng_debug_flags":{"type":"string","description_kind":"plain","optional":true,"computed":true},"show_filter":{"type":"string","description_kind":"plain","optional":true,"computed":true}},"description_kind":"plain"}},"fortios_router_static":{"version":0,"block":{"attributes":{"bfd":{"type":"string","description_kind":"plain","optional":true,"computed":true},"blackhole":{"type":"string","description_kind":"plain","optional":true,"computed":true},"comment":{"type":"string","description_kind":"plain","optional":true},"device":{"type":"string","description_kind":"plain","required":true},"distance":{"type":"number","description_kind":"plain","optional":true,"computed":true},"dst":{"type":"string","description_kind":"plain","required":true},"dstaddr":{"type":"string","description_kind":"plain","optional":true,"computed":true},"dynamic_gateway":{"type":"string","description_kind":"plain","optional":true,"computed":true},"gateway":{"type":"string","description_kind":"plain","optional":true,"computed":true},"id":{"type":"string","description_kind":"plain","optional":true,"computed":true},"internet_service":{"type":"number","description_kind":"plain","optional":true,"computed":true},"internet_service_custom":{"type":"string","description_kind":"plain","optional":true,"computed":true},"link_monitor_exempt":{"type":"string","description_kind":"plain","optional":true,"computed":true},"priority":{"type":"number","description_kind":"plain","optional":true,"computed":true},"seq_num":{"type":"number","description_kind":"plain","optional":true,"computed":true},"src":{"type":"string","description_kind":"plain","optional":true,"computed":true},"status":{"type":"string","description_kind":"plain","optional":true,"computed":true},"virtual_wan_link":{"type":"string","description_kind":"plain","optional":true,"computed":true},"vrf":{"type":"number","description_kind":"plain","optional":true,"computed":true},"weight":{"type":"number","description_kind":"plain","optional":true,"computed":true}},"description_kind":"plain"}},"fortios_router_static6":{"version":0,"block":{"attributes":{"bfd":{"type":"string","description_kind":"plain","optional":true,"computed":true},"blackhole":{"type":"string","description_kind":"plain","optional":true,"computed":true},"comment":{"type":"string","description_kind":"plain","optional":true},"device":{"type":"string","description_kind":"plain","required":true},"devindex":{"type":"number","description_kind":"plain","optional":true,"computed":true},"distance":{"type":"number","description_kind":"plain","optional":true,"computed":true},"dst":{"type":"string","description_kind":"plain","required":true},"gateway":{"type":"string","description_kind":"plain","optional":true,"computed":true},"id":{"type":"string","description_kind":"plain","optional":true,"computed":true},"priority":{"type":"number","description_kind":"plain","optional":true,"computed":true},"seq_num":{"type":"number","description_kind":"plain","optional":true,"computed":true},"status":{"type":"string","description_kind":"plain","optional":true,"computed":true},"virtual_wan_link":{"type":"string","description_kind":"plain","optional":true,"computed":true}},"description_kind":"plain"}},"fortios_spamfilter_bwl":{"version":0,"block":{"attributes":{"comment":{"type":"string","description_kind":"plain","optional":true},"fosid":{"type":"number","description_kind":"plain","required":true},"id":{"type":"string","description_kind":"plain","optional":true,"computed":true},"name":{"type":"string","description_kind":"plain","required":true}},"block_types":{"entries":{"nesting_mode":"list","block":{"attributes":{"action":{"type":"string","description_kind":"plain","optional":true,"computed":true},"addr_type":{"type":"string","description_kind":"plain","optional":true,"computed":true},"email_pattern":{"type":"string","description_kind":"plain","optional":true,"computed":true},"id":{"type":"number","description_kind":"plain","optional":true,"computed":true},"ip4_subnet":{"type":"string","description_kind":"plain","optional":true,"computed":true},"ip6_subnet":{"type":"string","description_kind":"plain","optional":true,"computed":true},"pattern_type":{"type":"string","description_kind":"plain","optional":true,"computed":true},"status":{"type":"string","description_kind":"plain","optional":true,"computed":true},"type":{"type":"string","description_kind":"plain","optional":true,"computed":true}},"description_kind":"plain"}}},"description_kind":"plain"}},"fortios_spamfilter_bword":{"version":0,"block":{"attributes":{"comment":{"type":"string","description_kind":"plain","optional":true},"fosid":{"type":"number","description_kind":"plain","required":true},"id":{"type":"string","description_kind":"plain","optional":true,"computed":true},"name":{"type":"string","description_kind":"plain","required":true}},"block_types":{"entries":{"nesting_mode":"list","block":{"attributes":{"action":{"type":"string","description_kind":"plain","optional":true,"computed":true},"id":{"type":"number","description_kind":"plain","optional":true,"computed":true},"language":{"type":"string","description_kind":"plain","optional":true,"computed":true},"pattern":{"type":"string","description_kind":"plain","optional":true,"computed":true},"pattern_type":{"type":"string","description_kind":"plain","optional":true,"computed":true},"score":{"type":"number","description_kind":"plain","optional":true,"computed":true},"status":{"type":"string","description_kind":"plain","optional":true,"computed":true},"where":{"type":"string","description_kind":"plain","optional":true,"computed":true}},"description_kind":"plain"}}},"description_kind":"plain"}},"fortios_spamfilter_dnsbl":{"version":0,"block":{"attributes":{"comment":{"type":"string","description_kind":"plain","optional":true},"fosid":{"type":"number","description_kind":"plain","required":true},"id":{"type":"string","description_kind":"plain","optional":true,"computed":true},"name":{"type":"string","description_kind":"plain","required":true}},"block_types":{"entries":{"nesting_mode":"list","block":{"attributes":{"action":{"type":"string","description_kind":"plain","optional":true,"computed":true},"id":{"type":"number","description_kind":"plain","optional":true,"computed":true},"server":{"type":"string","description_kind":"plain","optional":true,"computed":true},"status":{"type":"string","description_kind":"plain","optional":true,"computed":true}},"description_kind":"plain"}}},"description_kind":"plain"}},"fortios_spamfilter_fortishield":{"version":0,"block":{"attributes":{"id":{"type":"string","description_kind":"plain","optional":true,"computed":true},"spam_submit_force":{"type":"string","description_kind":"plain","optional":true,"computed":true},"spam_submit_srv":{"type":"string","description_kind":"plain","optional":true,"computed":true},"spam_submit_txt2htm":{"type":"string","description_kind":"plain","optional":true,"computed":true}},"description_kind":"plain"}},"fortios_spamfilter_iptrust":{"version":0,"block":{"attributes":{"comment":{"type":"string","description_kind":"plain","optional":true},"fosid":{"type":"number","description_kind":"plain","required":true},"id":{"type":"string","description_kind":"plain","optional":true,"computed":true},"name":{"type":"string","description_kind":"plain","required":true}},"block_types":{"entries":{"nesting_mode":"list","block":{"attributes":{"addr_type":{"type":"string","description_kind":"plain","optional":true,"computed":true},"id":{"type":"number","description_kind":"plain","optional":true,"computed":true},"ip4_subnet":{"type":"string","description_kind":"plain","optional":true,"computed":true},"ip6_subnet":{"type":"string","description_kind":"plain","optional":true,"computed":true},"status":{"type":"string","description_kind":"plain","optional":true,"computed":true}},"description_kind":"plain"}}},"description_kind":"plain"}},"fortios_spamfilter_mheader":{"version":0,"block":{"attributes":{"comment":{"type":"string","description_kind":"plain","optional":true},"fosid":{"type":"number","description_kind":"plain","required":true},"id":{"type":"string","description_kind":"plain","optional":true,"computed":true},"name":{"type":"string","description_kind":"plain","required":true}},"block_types":{"entries":{"nesting_mode":"list","block":{"attributes":{"action":{"type":"string","description_kind":"plain","optional":true,"computed":true},"fieldbody":{"type":"string","description_kind":"plain","optional":true,"computed":true},"fieldname":{"type":"string","description_kind":"plain","optional":true,"computed":true},"id":{"type":"number","description_kind":"plain","optional":true,"computed":true},"pattern_type":{"type":"string","description_kind":"plain","optional":true,"computed":true},"status":{"type":"string","description_kind":"plain","optional":true,"computed":true}},"description_kind":"plain"}}},"description_kind":"plain"}},"fortios_spamfilter_options":{"version":0,"block":{"attributes":{"dns_timeout":{"type":"number","description_kind":"plain","optional":true,"computed":true},"id":{"type":"string","description_kind":"plain","optional":true,"computed":true}},"description_kind":"plain"}},"fortios_spamfilter_profile":{"version":0,"block":{"attributes":{"comment":{"type":"string","description_kind":"plain","optional":true},"external":{"type":"string","description_kind":"plain","optional":true,"computed":true},"flow_based":{"type":"string","description_kind":"plain","optional":true,"computed":true},"id":{"type":"string","description_kind":"plain","optional":true,"computed":true},"name":{"type":"string","description_kind":"plain","required":true},"options":{"type":"string","description_kind":"plain","optional":true,"computed":true},"replacemsg_group":{"type":"string","description_kind":"plain","optional":true,"computed":true},"spam_bwl_table":{"type":"number","description_kind":"plain","optional":true,"computed":true},"spam_bword_table":{"type":"number","description_kind":"plain","optional":true,"computed":true},"spam_bword_threshold":{"type":"number","description_kind":"plain","optional":true,"computed":true},"spam_filtering":{"type":"string","description_kind":"plain","optional":true,"computed":true},"spam_iptrust_table":{"type":"number","description_kind":"plain","optional":true,"computed":true},"spam_log":{"type":"string","description_kind":"plain","optional":true,"computed":true},"spam_log_fortiguard_response":{"type":"string","description_kind":"plain","optional":true,"computed":true},"spam_mheader_table":{"type":"number","description_kind":"plain","optional":true,"computed":true},"spam_rbl_table":{"type":"number","description_kind":"plain","optional":true,"computed":true}},"block_types":{"gmail":{"nesting_mode":"list","block":{"attributes":{"log":{"type":"string","description_kind":"plain","optional":true,"computed":true}},"description_kind":"plain"},"max_items":1},"imap":{"nesting_mode":"list","block":{"attributes":{"action":{"type":"string","description_kind":"plain","optional":true,"computed":true},"log":{"type":"string","description_kind":"plain","optional":true,"computed":true},"tag_msg":{"type":"string","description_kind":"plain","optional":true,"computed":true},"tag_type":{"type":"string","description_kind":"plain","optional":true,"computed":true}},"description_kind":"plain"},"max_items":1},"mapi":{"nesting_mode":"list","block":{"attributes":{"action":{"type":"string","description_kind":"plain","optional":true,"computed":true},"log":{"type":"string","description_kind":"plain","optional":true,"computed":true}},"description_kind":"plain"},"max_items":1},"msn_hotmail":{"nesting_mode":"list","block":{"attributes":{"log":{"type":"string","description_kind":"plain","optional":true,"computed":true}},"description_kind":"plain"},"max_items":1},"pop3":{"nesting_mode":"list","block":{"attributes":{"action":{"type":"string","description_kind":"plain","optional":true,"computed":true},"log":{"type":"string","description_kind":"plain","optional":true,"computed":true},"tag_msg":{"type":"string","description_kind":"plain","optional":true,"computed":true},"tag_type":{"type":"string","description_kind":"plain","optional":true,"computed":true}},"description_kind":"plain"},"max_items":1},"smtp":{"nesting_mode":"list","block":{"attributes":{"action":{"type":"string","description_kind":"plain","optional":true,"computed":true},"hdrip":{"type":"string","description_kind":"plain","optional":true,"computed":true},"local_override":{"type":"string","description_kind":"plain","optional":true,"computed":true},"log":{"type":"string","description_kind":"plain","optional":true,"computed":true},"tag_msg":{"type":"string","description_kind":"plain","optional":true,"computed":true},"tag_type":{"type":"string","description_kind":"plain","optional":true,"computed":true}},"description_kind":"plain"},"max_items":1},"yahoo_mail":{"nesting_mode":"list","block":{"attributes":{"log":{"type":"string","description_kind":"plain","optional":true,"computed":true}},"description_kind":"plain"},"max_items":1}},"description_kind":"plain"}},"fortios_sshfilter_profile":{"version":0,"block":{"attributes":{"block":{"type":"string","description_kind":"plain","optional":true,"computed":true},"default_command_log":{"type":"string","description_kind":"plain","optional":true,"computed":true},"id":{"type":"string","description_kind":"plain","optional":true,"computed":true},"log":{"type":"string","description_kind":"plain","optional":true,"computed":true},"name":{"type":"string","description_kind":"plain","optional":true,"computed":true}},"block_types":{"shell_commands":{"nesting_mode":"list","block":{"attributes":{"action":{"type":"string","description_kind":"plain","optional":true,"computed":true},"alert":{"type":"string","description_kind":"plain","optional":true,"computed":true},"id":{"type":"number","description_kind":"plain","optional":true,"computed":true},"log":{"type":"string","description_kind":"plain","optional":true,"computed":true},"pattern":{"type":"string","description_kind":"plain","optional":true,"computed":true},"severity":{"type":"string","description_kind":"plain","optional":true,"computed":true},"type":{"type":"string","description_kind":"plain","optional":true,"computed":true}},"description_kind":"plain"}}},"description_kind":"plain"}},"fortios_switchcontroller_8021Xsettings":{"version":0,"block":{"attributes":{"id":{"type":"string","description_kind":"plain","optional":true,"computed":true},"link_down_auth":{"type":"string","description_kind":"plain","optional":true,"computed":true},"max_reauth_attempt":{"type":"number","description_kind":"plain","optional":true,"computed":true},"reauth_period":{"type":"number","description_kind":"plain","optional":true,"computed":true}},"description_kind":"plain"}},"fortios_switchcontroller_customcommand":{"version":0,"block":{"attributes":{"command":{"type":"string","description_kind":"plain","required":true},"command_name":{"type":"string","description_kind":"plain","optional":true,"computed":true},"description":{"type":"string","description_kind":"plain","optional":true,"computed":true},"id":{"type":"string","description_kind":"plain","optional":true,"computed":true}},"description_kind":"plain"}},"fortios_switchcontroller_global":{"version":0,"block":{"attributes":{"allow_multiple_interfaces":{"type":"string","description_kind":"plain","optional":true,"computed":true},"default_virtual_switch_vlan":{"type":"string","description_kind":"plain","optional":true,"computed":true},"https_image_push":{"type":"string","description_kind":"plain","optional":true,"computed":true},"id":{"type":"string","description_kind":"plain","optional":true,"computed":true},"log_mac_limit_violations":{"type":"string","description_kind":"plain","optional":true,"computed":true},"mac_aging_interval":{"type":"number","description_kind":"plain","optional":true,"computed":true},"mac_retention_period":{"type":"number","description_kind":"plain","optional":true,"computed":true},"mac_violation_timer":{"type":"number","description_kind":"plain","optional":true,"computed":true}},"block_types":{"custom_command":{"nesting_mode":"list","block":{"attributes":{"command_entry":{"type":"string","description_kind":"plain","optional":true,"computed":true},"command_name":{"type":"string","description_kind":"plain","optional":true,"computed":true}},"description_kind":"plain"}},"disable_discovery":{"nesting_mode":"list","block":{"attributes":{"name":{"type":"string","description_kind":"plain","optional":true,"computed":true}},"description_kind":"plain"}}},"description_kind":"plain"}},"fortios_switchcontroller_igmpsnooping":{"version":0,"block":{"attributes":{"aging_time":{"type":"number","description_kind":"plain","optional":true,"computed":true},"flood_unknown_multicast":{"type":"string","description_kind":"plain","optional":true,"computed":true},"id":{"type":"string","description_kind":"plain","optional":true,"computed":true}},"description_kind":"plain"}},"fortios_switchcontroller_lldpprofile":{"version":0,"block":{"attributes":{"auto_isl":{"type":"string","description_kind":"plain","optional":true,"computed":true},"auto_isl_hello_timer":{"type":"number","description_kind":"plain","optional":true,"computed":true},"auto_isl_port_group":{"type":"number","description_kind":"plain","optional":true,"computed":true},"auto_isl_receive_timeout":{"type":"number","description_kind":"plain","optional":true,"computed":true},"id":{"type":"string","description_kind":"plain","optional":true,"computed":true},"med_tlvs":{"type":"string","description_kind":"plain","optional":true,"computed":true},"n8021_tlvs":{"type":"string","description_kind":"plain","optional":true,"computed":true},"n8023_tlvs":{"type":"string","description_kind":"plain","optional":true,"computed":true},"name":{"type":"string","description_kind":"plain","optional":true,"computed":true}},"block_types":{"custom_tlvs":{"nesting_mode":"list","block":{"attributes":{"information_string":{"type":"string","description_kind":"plain","optional":true,"computed":true},"name":{"type":"string","description_kind":"plain","optional":true,"computed":true},"oui":{"type":"string","description_kind":"plain","optional":true,"computed":true},"subtype":{"type":"number","description_kind":"plain","optional":true,"computed":true}},"description_kind":"plain"}},"med_network_policy":{"nesting_mode":"list","block":{"attributes":{"dscp":{"type":"number","description_kind":"plain","optional":true,"computed":true},"name":{"type":"string","description_kind":"plain","optional":true,"computed":true},"priority":{"type":"number","description_kind":"plain","optional":true,"computed":true},"status":{"type":"string","description_kind":"plain","optional":true,"computed":true},"vlan":{"type":"number","description_kind":"plain","optional":true,"computed":true}},"description_kind":"plain"}}},"description_kind":"plain"}},"fortios_switchcontroller_lldpsettings":{"version":0,"block":{"attributes":{"fast_start_interval":{"type":"number","description_kind":"plain","optional":true,"computed":true},"id":{"type":"string","description_kind":"plain","optional":true,"computed":true},"management_interface":{"type":"string","description_kind":"plain","optional":true,"computed":true},"status":{"type":"string","description_kind":"plain","optional":true,"computed":true},"tx_hold":{"type":"number","description_kind":"plain","optional":true,"computed":true},"tx_interval":{"type":"number","description_kind":"plain","optional":true,"computed":true}},"description_kind":"plain"}},"fortios_switchcontroller_macsyncsettings":{"version":0,"block":{"attributes":{"id":{"type":"string","description_kind":"plain","optional":true,"computed":true},"mac_sync_interval":{"type":"number","description_kind":"plain","optional":true,"computed":true}},"description_kind":"plain"}},"fortios_switchcontroller_managedswitch":{"version":0,"block":{"attributes":{"delayed_restart_trigger":{"type":"number","description_kind":"plain","optional":true,"computed":true},"description":{"type":"string","description_kind":"plain","optional":true,"computed":true},"directly_connected":{"type":"number","description_kind":"plain","optional":true,"computed":true},"dynamic_capability":{"type":"number","description_kind":"plain","optional":true,"computed":true},"dynamically_discovered":{"type":"number","description_kind":"plain","optional":true,"computed":true},"fsw_wan1_admin":{"type":"string","description_kind":"plain","optional":true,"computed":true},"fsw_wan1_peer":{"type":"string","description_kind":"plain","required":true},"fsw_wan2_admin":{"type":"string","description_kind":"plain","optional":true,"computed":true},"fsw_wan2_peer":{"type":"string","description_kind":"plain","optional":true,"computed":true},"id":{"type":"string","description_kind":"plain","optional":true,"computed":true},"max_allowed_trunk_members":{"type":"number","description_kind":"plain","optional":true,"computed":true},"name":{"type":"string","description_kind":"plain","optional":true,"computed":true},"owner_vdom":{"type":"string","description_kind":"plain","optional":true,"computed":true},"poe_pre_standard_detection":{"type":"string","description_kind":"plain","optional":true,"computed":true},"pre_provisioned":{"type":"number","description_kind":"plain","optional":true,"computed":true},"staged_image_version":{"type":"string","description_kind":"plain","optional":true,"computed":true},"switch_device_tag":{"type":"string","description_kind":"plain","optional":true,"computed":true},"switch_id":{"type":"string","description_kind":"plain","required":true},"switch_profile":{"type":"string","description_kind":"plain","optional":true,"computed":true},"type":{"type":"string","description_kind":"plain","optional":true,"computed":true},"version":{"type":"number","description_kind":"plain","optional":true,"computed":true}},"block_types":{"custom_command":{"nesting_mode":"list","block":{"attributes":{"command_entry":{"type":"string","description_kind":"plain","optional":true,"computed":true},"command_name":{"type":"string","description_kind":"plain","optional":true,"computed":true}},"description_kind":"plain"}},"igmp_snooping":{"nesting_mode":"list","block":{"attributes":{"aging_time":{"type":"number","description_kind":"plain","optional":true,"computed":true},"flood_unknown_multicast":{"type":"string","description_kind":"plain","optional":true,"computed":true},"local_override":{"type":"string","description_kind":"plain","optional":true,"computed":true}},"description_kind":"plain"},"max_items":1},"mirror":{"nesting_mode":"list","block":{"attributes":{"dst":{"type":"string","description_kind":"plain","optional":true,"computed":true},"name":{"type":"string","description_kind":"plain","optional":true,"computed":true},"status":{"type":"string","description_kind":"plain","optional":true,"computed":true},"switching_packet":{"type":"string","description_kind":"plain","optional":true,"computed":true}},"block_types":{"src_egress":{"nesting_mode":"list","block":{"attributes":{"name":{"type":"string","description_kind":"plain","optional":true,"computed":true}},"description_kind":"plain"}},"src_ingress":{"nesting_mode":"list","block":{"attributes":{"name":{"type":"string","description_kind":"plain","optional":true,"computed":true}},"description_kind":"plain"}}},"description_kind":"plain"}},"n802_1x_settings":{"nesting_mode":"list","block":{"attributes":{"link_down_auth":{"type":"string","description_kind":"plain","optional":true,"computed":true},"local_override":{"type":"string","description_kind":"plain","optional":true,"computed":true},"max_reauth_attempt":{"type":"number","description_kind":"plain","optional":true,"computed":true},"reauth_period":{"type":"number","description_kind":"plain","optional":true,"computed":true}},"description_kind":"plain"},"max_items":1},"ports":{"nesting_mode":"list","block":{"attributes":{"allowed_vlans_all":{"type":"string","description_kind":"plain","optional":true,"computed":true},"arp_inspection_trust":{"type":"string","description_kind":"plain","optional":true,"computed":true},"bundle":{"type":"string","description_kind":"plain","optional":true,"computed":true},"description":{"type":"string","description_kind":"plain","optional":true,"computed":true},"dhcp_snoop_option82_trust":{"type":"string","description_kind":"plain","optional":true,"computed":true},"dhcp_snooping":{"type":"string","description_kind":"plain","optional":true,"computed":true},"discard_mode":{"type":"string","description_kind":"plain","optional":true,"computed":true},"edge_port":{"type":"string","description_kind":"plain","optional":true,"computed":true},"export_to":{"type":"string","description_kind":"plain","optional":true,"computed":true},"export_to_pool":{"type":"string","description_kind":"plain","optional":true,"computed":true},"export_to_pool_flag":{"type":"number","description_kind":"plain","optional":true,"computed":true},"fgt_peer_device_name":{"type":"string","description_kind":"plain","optional":true,"computed":true},"fgt_peer_port_name":{"type":"string","description_kind":"plain","optional":true,"computed":true},"fiber_port":{"type":"number","description_kind":"plain","optional":true,"computed":true},"flags":{"type":"number","description_kind":"plain","optional":true,"computed":true},"fortilink_port":{"type":"number","description_kind":"plain","optional":true,"computed":true},"igmp_snooping":{"type":"string","description_kind":"plain","optional":true,"computed":true},"igmps_flood_reports":{"type":"string","description_kind":"plain","optional":true,"computed":true},"igmps_flood_traffic":{"type":"string","description_kind":"plain","optional":true,"computed":true},"isl_local_trunk_name":{"type":"string","description_kind":"plain","optional":true,"computed":true},"isl_peer_device_name":{"type":"string","description_kind":"plain","optional":true,"computed":true},"isl_peer_port_name":{"type":"string","description_kind":"plain","optional":true,"computed":true},"lacp_speed":{"type":"string","description_kind":"plain","optional":true,"computed":true},"learning_limit":{"type":"number","description_kind":"plain","optional":true,"computed":true},"lldp_profile":{"type":"string","description_kind":"plain","optional":true,"computed":true},"lldp_status":{"type":"string","description_kind":"plain","optional":true,"computed":true},"loop_guard":{"type":"string","description_kind":"plain","optional":true,"computed":true},"loop_guard_timeout":{"type":"number","description_kind":"plain","optional":true,"computed":true},"max_bundle":{"type":"number","description_kind":"plain","optional":true,"computed":true},"mclag":{"type":"string","description_kind":"plain","optional":true,"computed":true},"member_withdrawal_behavior":{"type":"string","description_kind":"plain","optional":true,"computed":true},"min_bundle":{"type":"number","description_kind":"plain","optional":true,"computed":true},"mode":{"type":"string","description_kind":"plain","optional":true,"computed":true},"poe_capable":{"type":"number","description_kind":"plain","optional":true,"computed":true},"poe_pre_standard_detection":{"type":"string","description_kind":"plain","optional":true,"computed":true},"poe_status":{"type":"string","description_kind":"plain","optional":true,"computed":true},"port_name":{"type":"string","description_kind":"plain","optional":true,"computed":true},"port_number":{"type":"number","description_kind":"plain","optional":true,"computed":true},"port_owner":{"type":"string","description_kind":"plain","optional":true,"computed":true},"port_prefix_type":{"type":"number","description_kind":"plain","optional":true,"computed":true},"port_security_policy":{"type":"string","description_kind":"plain","optional":true,"computed":true},"port_selection_criteria":{"type":"string","description_kind":"plain","optional":true,"computed":true},"qos_policy":{"type":"string","description_kind":"plain","optional":true,"computed":true},"sample_direction":{"type":"string","description_kind":"plain","optional":true,"computed":true},"sflow_counter_interval":{"type":"number","description_kind":"plain","optional":true,"computed":true},"sflow_sample_rate":{"type":"number","description_kind":"plain","optional":true,"computed":true},"sflow_sampler":{"type":"string","description_kind":"plain","optional":true,"computed":true},"speed":{"type":"string","description_kind":"plain","optional":true,"computed":true},"speed_mask":{"type":"number","description_kind":"plain","optional":true,"computed":true},"stacking_port":{"type":"number","description_kind":"plain","optional":true,"computed":true},"status":{"type":"string","description_kind":"plain","optional":true,"computed":true},"sticky_mac":{"type":"string","description_kind":"plain","optional":true,"computed":true},"stp_bpdu_guard":{"type":"string","description_kind":"plain","optional":true,"computed":true},"stp_bpdu_guard_timeout":{"type":"number","description_kind":"plain","optional":true,"computed":true},"stp_root_guard":{"type":"string","description_kind":"plain","optional":true,"computed":true},"stp_state":{"type":"string","description_kind":"plain","optional":true,"computed":true},"switch_id":{"type":"string","description_kind":"plain","optional":true,"computed":true},"type":{"type":"string","description_kind":"plain","optional":true,"computed":true},"virtual_port":{"type":"number","description_kind":"plain","optional":true,"computed":true},"vlan":{"type":"string","description_kind":"plain","optional":true,"computed":true}},"block_types":{"allowed_vlans":{"nesting_mode":"list","block":{"attributes":{"vlan_name":{"type":"string","description_kind":"plain","optional":true,"computed":true}},"description_kind":"plain"}},"export_tags":{"nesting_mode":"list","block":{"attributes":{"tag_name":{"type":"string","description_kind":"plain","optional":true,"computed":true}},"description_kind":"plain"}},"members":{"nesting_mode":"list","block":{"attributes":{"member_name":{"type":"string","description_kind":"plain","optional":true,"computed":true}},"description_kind":"plain"}},"untagged_vlans":{"nesting_mode":"list","block":{"attributes":{"vlan_name":{"type":"string","description_kind":"plain","optional":true,"computed":true}},"description_kind":"plain"}}},"description_kind":"plain"}},"static_mac":{"nesting_mode":"list","block":{"attributes":{"description":{"type":"string","description_kind":"plain","optional":true,"computed":true},"id":{"type":"number","description_kind":"plain","optional":true,"computed":true},"interface":{"type":"string","description_kind":"plain","optional":true,"computed":true},"mac":{"type":"string","description_kind":"plain","optional":true,"computed":true},"type":{"type":"string","description_kind":"plain","optional":true,"computed":true},"vlan":{"type":"string","description_kind":"plain","optional":true,"computed":true}},"description_kind":"plain"}},"storm_control":{"nesting_mode":"list","block":{"attributes":{"broadcast":{"type":"string","description_kind":"plain","optional":true,"computed":true},"local_override":{"type":"string","description_kind":"plain","optional":true,"computed":true},"rate":{"type":"number","description_kind":"plain","optional":true,"computed":true},"unknown_multicast":{"type":"string","description_kind":"plain","optional":true,"computed":true},"unknown_unicast":{"type":"string","description_kind":"plain","optional":true,"computed":true}},"description_kind":"plain"},"max_items":1},"stp_settings":{"nesting_mode":"list","block":{"attributes":{"forward_time":{"type":"number","description_kind":"plain","optional":true,"computed":true},"hello_time":{"type":"number","description_kind":"plain","optional":true,"computed":true},"local_override":{"type":"string","description_kind":"plain","optional":true,"computed":true},"max_age":{"type":"number","description_kind":"plain","optional":true,"computed":true},"max_hops":{"type":"number","description_kind":"plain","optional":true,"computed":true},"name":{"type":"string","description_kind":"plain","optional":true,"computed":true},"pending_timer":{"type":"number","description_kind":"plain","optional":true,"computed":true},"revision":{"type":"number","description_kind":"plain","optional":true,"computed":true},"status":{"type":"string","description_kind":"plain","optional":true,"computed":true}},"description_kind":"plain"},"max_items":1},"switch_log":{"nesting_mode":"list","block":{"attributes":{"local_override":{"type":"string","description_kind":"plain","optional":true,"computed":true},"severity":{"type":"string","description_kind":"plain","optional":true,"computed":true},"status":{"type":"string","description_kind":"plain","optional":true,"computed":true}},"description_kind":"plain"},"max_items":1},"switch_stp_settings":{"nesting_mode":"list","block":{"attributes":{"status":{"type":"string","description_kind":"plain","optional":true,"computed":true}},"description_kind":"plain"},"max_items":1}},"description_kind":"plain"}},"fortios_switchcontroller_networkmonitorsettings":{"version":0,"block":{"attributes":{"id":{"type":"string","description_kind":"plain","optional":true,"computed":true},"network_monitoring":{"type":"string","description_kind":"plain","optional":true,"computed":true}},"description_kind":"plain"}},"fortios_switchcontroller_quarantine":{"version":0,"block":{"attributes":{"id":{"type":"string","description_kind":"plain","optional":true,"computed":true},"quarantine":{"type":"string","description_kind":"plain","optional":true,"computed":true}},"block_types":{"targets":{"nesting_mode":"list","block":{"attributes":{"description":{"type":"string","description_kind":"plain","optional":true,"computed":true},"entry_id":{"type":"number","description_kind":"plain","optional":true,"computed":true},"mac":{"type":"string","description_kind":"plain","optional":true,"computed":true}},"block_types":{"tag":{"nesting_mode":"list","block":{"attributes":{"tags":{"type":"string","description_kind":"plain","optional":true,"computed":true}},"description_kind":"plain"}}},"description_kind":"plain"}}},"description_kind":"plain"}},"fortios_switchcontroller_sflow":{"version":0,"block":{"attributes":{"collector_ip":{"type":"string","description_kind":"plain","required":true},"collector_port":{"type":"number","description_kind":"plain","optional":true,"computed":true},"id":{"type":"string","description_kind":"plain","optional":true,"computed":true}},"description_kind":"plain"}},"fortios_switchcontroller_stormcontrol":{"version":0,"block":{"attributes":{"broadcast":{"type":"string","description_kind":"plain","optional":true,"computed":true},"id":{"type":"string","description_kind":"plain","optional":true,"computed":true},"rate":{"type":"number","description_kind":"plain","optional":true,"computed":true},"unknown_multicast":{"type":"string","description_kind":"plain","optional":true,"computed":true},"unknown_unicast":{"type":"string","description_kind":"plain","optional":true,"computed":true}},"description_kind":"plain"}},"fortios_switchcontroller_stpsettings":{"version":0,"block":{"attributes":{"forward_time":{"type":"number","description_kind":"plain","optional":true,"computed":true},"hello_time":{"type":"number","description_kind":"plain","optional":true,"computed":true},"id":{"type":"string","description_kind":"plain","optional":true,"computed":true},"max_age":{"type":"number","description_kind":"plain","optional":true,"computed":true},"max_hops":{"type":"number","description_kind":"plain","optional":true,"computed":true},"name":{"type":"string","description_kind":"plain","optional":true,"computed":true},"pending_timer":{"type":"number","description_kind":"plain","optional":true,"computed":true},"revision":{"type":"number","description_kind":"plain","optional":true,"computed":true},"status":{"type":"string","description_kind":"plain","optional":true,"computed":true}},"description_kind":"plain"}},"fortios_switchcontroller_switchgroup":{"version":0,"block":{"attributes":{"description":{"type":"string","description_kind":"plain","optional":true,"computed":true},"id":{"type":"string","description_kind":"plain","optional":true,"computed":true},"name":{"type":"string","description_kind":"plain","optional":true,"computed":true}},"block_types":{"members":{"nesting_mode":"list","block":{"attributes":{"name":{"type":"string","description_kind":"plain","optional":true,"computed":true}},"description_kind":"plain"}}},"description_kind":"plain"}},"fortios_switchcontroller_switchinterfacetag":{"version":0,"block":{"attributes":{"id":{"type":"string","description_kind":"plain","optional":true,"computed":true},"name":{"type":"string","description_kind":"plain","optional":true,"computed":true}},"description_kind":"plain"}},"fortios_switchcontroller_switchlog":{"version":0,"block":{"attributes":{"id":{"type":"string","description_kind":"plain","optional":true,"computed":true},"severity":{"type":"string","description_kind":"plain","optional":true,"computed":true},"status":{"type":"string","description_kind":"plain","optional":true,"computed":true}},"description_kind":"plain"}},"fortios_switchcontroller_switchprofile":{"version":0,"block":{"attributes":{"id":{"type":"string","description_kind":"plain","optional":true,"computed":true},"login_passwd":{"type":"string","description_kind":"plain","optional":true},"login_passwd_override":{"type":"string","description_kind":"plain","optional":true,"computed":true},"name":{"type":"string","description_kind":"plain","optional":true,"computed":true}},"description_kind":"plain"}},"fortios_switchcontroller_system":{"version":0,"block":{"attributes":{"id":{"type":"string","description_kind":"plain","optional":true,"computed":true},"parallel_process":{"type":"number","description_kind":"plain","optional":true,"computed":true},"parallel_process_override":{"type":"string","description_kind":"plain","optional":true,"computed":true}},"description_kind":"plain"}},"fortios_switchcontroller_trafficpolicy":{"version":0,"block":{"attributes":{"cos":{"type":"number","description_kind":"plain","optional":true,"computed":true},"description":{"type":"string","description_kind":"plain","optional":true,"computed":true},"fosid":{"type":"number","description_kind":"plain","optional":true,"computed":true},"guaranteed_bandwidth":{"type":"number","description_kind":"plain","optional":true,"computed":true},"guaranteed_burst":{"type":"number","description_kind":"plain","optional":true,"computed":true},"id":{"type":"string","description_kind":"plain","optional":true,"computed":true},"maximum_burst":{"type":"number","description_kind":"plain","optional":true,"computed":true},"name":{"type":"string","description_kind":"plain","required":true},"policer_status":{"type":"string","description_kind":"plain","optional":true,"computed":true},"type":{"type":"string","description_kind":"plain","optional":true,"computed":true}},"description_kind":"plain"}},"fortios_switchcontroller_virtualportpool":{"version":0,"block":{"attributes":{"description":{"type":"string","description_kind":"plain","optional":true,"computed":true},"id":{"type":"string","description_kind":"plain","optional":true,"computed":true},"name":{"type":"string","description_kind":"plain","optional":true,"computed":true}},"description_kind":"plain"}},"fortios_switchcontroller_vlan":{"version":0,"block":{"attributes":{"auth":{"type":"string","description_kind":"plain","optional":true,"computed":true},"color":{"type":"number","description_kind":"plain","optional":true,"computed":true},"comments":{"type":"string","description_kind":"plain","optional":true,"computed":true},"id":{"type":"string","description_kind":"plain","optional":true,"computed":true},"name":{"type":"string","description_kind":"plain","optional":true,"computed":true},"portal_message_override_group":{"type":"string","description_kind":"plain","optional":true,"computed":true},"radius_server":{"type":"string","description_kind":"plain","optional":true,"computed":true},"security":{"type":"string","description_kind":"plain","optional":true,"computed":true},"usergroup":{"type":"string","description_kind":"plain","optional":true,"computed":true},"vdom":{"type":"string","description_kind":"plain","optional":true,"computed":true},"vlanid":{"type":"number","description_kind":"plain","optional":true,"computed":true}},"block_types":{"portal_message_overrides":{"nesting_mode":"list","block":{"attributes":{"auth_disclaimer_page":{"type":"string","description_kind":"plain","optional":true,"computed":true},"auth_login_failed_page":{"type":"string","description_kind":"plain","optional":true,"computed":true},"auth_login_page":{"type":"string","description_kind":"plain","optional":true,"computed":true},"auth_reject_page":{"type":"string","description_kind":"plain","optional":true,"computed":true}},"description_kind":"plain"},"max_items":1},"selected_usergroups":{"nesting_mode":"list","block":{"attributes":{"name":{"type":"string","description_kind":"plain","optional":true,"computed":true}},"description_kind":"plain"}}},"description_kind":"plain"}},"fortios_switchcontrollerautoconfig_custom":{"version":0,"block":{"attributes":{"id":{"type":"string","description_kind":"plain","optional":true,"computed":true},"name":{"type":"string","description_kind":"plain","required":true}},"block_types":{"switch_binding":{"nesting_mode":"list","block":{"attributes":{"policy":{"type":"string","description_kind":"plain","optional":true,"computed":true},"switch_id":{"type":"string","description_kind":"plain","optional":true,"computed":true}},"description_kind":"plain"}}},"description_kind":"plain"}},"fortios_switchcontrollerautoconfig_default":{"version":0,"block":{"attributes":{"fgt_policy":{"type":"string","description_kind":"plain","optional":true,"computed":true},"icl_policy":{"type":"string","description_kind":"plain","optional":true,"computed":true},"id":{"type":"string","description_kind":"plain","optional":true,"computed":true},"isl_policy":{"type":"string","description_kind":"plain","optional":true,"computed":true}},"description_kind":"plain"}},"fortios_switchcontrollerautoconfig_policy":{"version":0,"block":{"attributes":{"id":{"type":"string","description_kind":"plain","optional":true,"computed":true},"name":{"type":"string","description_kind":"plain","required":true},"poe_status":{"type":"string","description_kind":"plain","optional":true,"computed":true},"qos_policy":{"type":"string","description_kind":"plain","optional":true,"computed":true}},"description_kind":"plain"}},"fortios_switchcontrollerqos_dot1pmap":{"version":0,"block":{"attributes":{"description":{"type":"string","description_kind":"plain","optional":true,"computed":true},"id":{"type":"string","description_kind":"plain","optional":true,"computed":true},"name":{"type":"string","description_kind":"plain","required":true},"priority_0":{"type":"string","description_kind":"plain","optional":true,"computed":true},"priority_1":{"type":"string","description_kind":"plain","optional":true,"computed":true},"priority_2":{"type":"string","description_kind":"plain","optional":true,"computed":true},"priority_3":{"type":"string","description_kind":"plain","optional":true,"computed":true},"priority_4":{"type":"string","description_kind":"plain","optional":true,"computed":true},"priority_5":{"type":"string","description_kind":"plain","optional":true,"computed":true},"priority_6":{"type":"string","description_kind":"plain","optional":true,"computed":true},"priority_7":{"type":"string","description_kind":"plain","optional":true,"computed":true}},"description_kind":"plain"}},"fortios_switchcontrollerqos_ipdscpmap":{"version":0,"block":{"attributes":{"description":{"type":"string","description_kind":"plain","optional":true,"computed":true},"id":{"type":"string","description_kind":"plain","optional":true,"computed":true},"name":{"type":"string","description_kind":"plain","required":true}},"block_types":{"map":{"nesting_mode":"list","block":{"attributes":{"cos_queue":{"type":"number","description_kind":"plain","optional":true,"computed":true},"diffserv":{"type":"string","description_kind":"plain","optional":true,"computed":true},"ip_precedence":{"type":"string","description_kind":"plain","optional":true,"computed":true},"name":{"type":"string","description_kind":"plain","optional":true,"computed":true},"value":{"type":"string","description_kind":"plain","optional":true,"computed":true}},"description_kind":"plain"}}},"description_kind":"plain"}},"fortios_switchcontrollerqos_qospolicy":{"version":0,"block":{"attributes":{"default_cos":{"type":"number","description_kind":"plain","required":true},"id":{"type":"string","description_kind":"plain","optional":true,"computed":true},"name":{"type":"string","description_kind":"plain","required":true},"queue_policy":{"type":"string","description_kind":"plain","optional":true,"computed":true},"trust_dot1p_map":{"type":"string","description_kind":"plain","optional":true,"computed":true},"trust_ip_dscp_map":{"type":"string","description_kind":"plain","optional":true,"computed":true}},"description_kind":"plain"}},"fortios_switchcontrollerqos_queuepolicy":{"version":0,"block":{"attributes":{"id":{"type":"string","description_kind":"plain","optional":true,"computed":true},"name":{"type":"string","description_kind":"plain","required":true},"rate_by":{"type":"string","description_kind":"plain","required":true},"schedule":{"type":"string","description_kind":"plain","required":true}},"block_types":{"cos_queue":{"nesting_mode":"list","block":{"attributes":{"description":{"type":"string","description_kind":"plain","optional":true,"computed":true},"drop_policy":{"type":"string","description_kind":"plain","optional":true,"computed":true},"max_rate":{"type":"number","description_kind":"plain","optional":true,"computed":true},"max_rate_percent":{"type":"number","description_kind":"plain","optional":true,"computed":true},"min_rate":{"type":"number","description_kind":"plain","optional":true,"computed":true},"min_rate_percent":{"type":"number","description_kind":"plain","optional":true,"computed":true},"name":{"type":"string","description_kind":"plain","optional":true,"computed":true},"weight":{"type":"number","description_kind":"plain","optional":true,"computed":true}},"description_kind":"plain"}}},"description_kind":"plain"}},"fortios_switchcontrollersecuritypolicy_8021X":{"version":0,"block":{"attributes":{"auth_fail_vlan":{"type":"string","description_kind":"plain","optional":true,"computed":true},"auth_fail_vlan_id":{"type":"string","description_kind":"plain","optional":true,"computed":true},"auth_fail_vlanid":{"type":"number","description_kind":"plain","optional":true,"computed":true},"eap_passthru":{"type":"string","description_kind":"plain","optional":true,"computed":true},"framevid_apply":{"type":"string","description_kind":"plain","optional":true,"computed":true},"guest_auth_delay":{"type":"number","description_kind":"plain","optional":true,"computed":true},"guest_vlan":{"type":"string","description_kind":"plain","optional":true,"computed":true},"guest_vlan_id":{"type":"string","description_kind":"plain","optional":true,"computed":true},"guest_vlanid":{"type":"number","description_kind":"plain","optional":true,"computed":true},"id":{"type":"string","description_kind":"plain","optional":true,"computed":true},"mac_auth_bypass":{"type":"string","description_kind":"plain","optional":true,"computed":true},"name":{"type":"string","description_kind":"plain","optional":true,"computed":true},"open_auth":{"type":"string","description_kind":"plain","optional":true,"computed":true},"policy_type":{"type":"string","description_kind":"plain","optional":true,"computed":true},"radius_timeout_overwrite":{"type":"string","description_kind":"plain","optional":true,"computed":true},"security_mode":{"type":"string","description_kind":"plain","optional":true,"computed":true}},"block_types":{"user_group":{"nesting_mode":"list","block":{"attributes":{"name":{"type":"string","description_kind":"plain","optional":true,"computed":true}},"description_kind":"plain"}}},"description_kind":"plain"}},"fortios_switchcontrollersecuritypolicy_captiveportal":{"version":0,"block":{"attributes":{"id":{"type":"string","description_kind":"plain","optional":true,"computed":true},"name":{"type":"string","description_kind":"plain","optional":true,"computed":true},"policy_type":{"type":"string","description_kind":"plain","optional":true,"computed":true},"vlan":{"type":"string","description_kind":"plain","optional":true,"computed":true}},"description_kind":"plain"}},"fortios_system_accprofile":{"version":0,"block":{"attributes":{"admintimeout":{"type":"number","description_kind":"plain","optional":true,"computed":true},"admintimeout_override":{"type":"string","description_kind":"plain","optional":true,"computed":true},"authgrp":{"type":"string","description_kind":"plain","optional":true,"computed":true},"comments":{"type":"string","description_kind":"plain","optional":true},"ftviewgrp":{"type":"string","description_kind":"plain","optional":true,"computed":true},"fwgrp":{"type":"string","description_kind":"plain","optional":true,"computed":true},"id":{"type":"string","description_kind":"plain","optional":true,"computed":true},"loggrp":{"type":"string","description_kind":"plain","optional":true,"computed":true},"name":{"type":"string","description_kind":"plain","required":true},"netgrp":{"type":"string","description_kind":"plain","optional":true,"computed":true},"scope":{"type":"string","description_kind":"plain","optional":true,"computed":true},"secfabgrp":{"type":"string","description_kind":"plain","optional":true,"computed":true},"sysgrp":{"type":"string","description_kind":"plain","optional":true,"computed":true},"utmgrp":{"type":"string","description_kind":"plain","optional":true,"computed":true},"vpngrp":{"type":"string","description_kind":"plain","optional":true,"computed":true},"wanoptgrp":{"type":"string","description_kind":"plain","optional":true,"computed":true},"wifi":{"type":"string","description_kind":"plain","optional":true,"computed":true}},"block_types":{"fwgrp_permission":{"nesting_mode":"list","block":{"attributes":{"address":{"type":"string","description_kind":"plain","optional":true,"computed":true},"policy":{"type":"string","description_kind":"plain","optional":true,"computed":true},"schedule":{"type":"string","description_kind":"plain","optional":true,"computed":true},"service":{"type":"string","description_kind":"plain","optional":true,"computed":true}},"description_kind":"plain"},"max_items":1},"loggrp_permission":{"nesting_mode":"list","block":{"attributes":{"config":{"type":"string","description_kind":"plain","optional":true,"computed":true},"data_access":{"type":"string","description_kind":"plain","optional":true,"computed":true},"report_access":{"type":"string","description_kind":"plain","optional":true,"computed":true},"threat_weight":{"type":"string","description_kind":"plain","optional":true,"computed":true}},"description_kind":"plain"},"max_items":1},"netgrp_permission":{"nesting_mode":"list","block":{"attributes":{"cfg":{"type":"string","description_kind":"plain","optional":true,"computed":true},"packet_capture":{"type":"string","description_kind":"plain","optional":true,"computed":true},"route_cfg":{"type":"string","description_kind":"plain","optional":true,"computed":true}},"description_kind":"plain"},"max_items":1},"sysgrp_permission":{"nesting_mode":"list","block":{"attributes":{"admin":{"type":"string","description_kind":"plain","optional":true,"computed":true},"cfg":{"type":"string","description_kind":"plain","optional":true,"computed":true},"mnt":{"type":"string","description_kind":"plain","optional":true,"computed":true},"upd":{"type":"string","description_kind":"plain","optional":true,"computed":true}},"description_kind":"plain"},"max_items":1},"utmgrp_permission":{"nesting_mode":"list","block":{"attributes":{"antivirus":{"type":"string","description_kind":"plain","optional":true,"computed":true},"application_control":{"type":"string","description_kind":"plain","optional":true,"computed":true},"data_loss_prevention":{"type":"string","description_kind":"plain","optional":true,"computed":true},"dnsfilter":{"type":"string","description_kind":"plain","optional":true,"computed":true},"endpoint_control":{"type":"string","description_kind":"plain","optional":true,"computed":true},"icap":{"type":"string","description_kind":"plain","optional":true,"computed":true},"ips":{"type":"string","description_kind":"plain","optional":true,"computed":true},"spamfilter":{"type":"string","description_kind":"plain","optional":true,"computed":true},"voip":{"type":"string","description_kind":"plain","optional":true,"computed":true},"waf":{"type":"string","description_kind":"plain","optional":true,"computed":true},"webfilter":{"type":"string","description_kind":"plain","optional":true,"computed":true}},"description_kind":"plain"},"max_items":1}},"description_kind":"plain"}},"fortios_system_admin":{"version":0,"block":{"attributes":{"accprofile":{"type":"string","description_kind":"plain","optional":true,"computed":true},"accprofile_override":{"type":"string","description_kind":"plain","optional":true,"computed":true},"allow_remove_admin_session":{"type":"string","description_kind":"plain","optional":true,"computed":true},"comments":{"type":"string","description_kind":"plain","optional":true},"email_to":{"type":"string","description_kind":"plain","optional":true,"computed":true},"force_password_change":{"type":"string","description_kind":"plain","optional":true,"computed":true},"fortitoken":{"type":"string","description_kind":"plain","optional":true,"computed":true},"guest_auth":{"type":"string","description_kind":"plain","optional":true,"computed":true},"guest_lang":{"type":"string","description_kind":"plain","optional":true,"computed":true},"hidden":{"type":"number","description_kind":"plain","optional":true,"computed":true},"history0":{"type":"string","description_kind":"plain","optional":true,"computed":true},"history1":{"type":"string","description_kind":"plain","optional":true,"computed":true},"id":{"type":"string","description_kind":"plain","optional":true,"computed":true},"ip6_trusthost1":{"type":"string","description_kind":"plain","optional":true,"computed":true},"ip6_trusthost10":{"type":"string","description_kind":"plain","optional":true,"computed":true},"ip6_trusthost2":{"type":"string","description_kind":"plain","optional":true,"computed":true},"ip6_trusthost3":{"type":"string","description_kind":"plain","optional":true,"computed":true},"ip6_trusthost4":{"type":"string","description_kind":"plain","optional":true,"computed":true},"ip6_trusthost5":{"type":"string","description_kind":"plain","optional":true,"computed":true},"ip6_trusthost6":{"type":"string","description_kind":"plain","optional":true,"computed":true},"ip6_trusthost7":{"type":"string","description_kind":"plain","optional":true,"computed":true},"ip6_trusthost8":{"type":"string","description_kind":"plain","optional":true,"computed":true},"ip6_trusthost9":{"type":"string","description_kind":"plain","optional":true,"computed":true},"name":{"type":"string","description_kind":"plain","optional":true,"computed":true},"password":{"type":"string","description_kind":"plain","optional":true,"computed":true},"password_expire":{"type":"string","description_kind":"plain","optional":true,"computed":true},"peer_auth":{"type":"string","description_kind":"plain","optional":true,"computed":true},"peer_group":{"type":"string","description_kind":"plain","optional":true,"computed":true},"radius_vdom_override":{"type":"string","description_kind":"plain","optional":true,"computed":true},"remote_auth":{"type":"string","description_kind":"plain","optional":true,"computed":true},"remote_group":{"type":"string","description_kind":"plain","optional":true,"computed":true},"schedule":{"type":"string","description_kind":"plain","optional":true,"computed":true},"sms_custom_server":{"type":"string","description_kind":"plain","optional":true,"computed":true},"sms_phone":{"type":"string","description_kind":"plain","optional":true,"computed":true},"sms_server":{"type":"string","description_kind":"plain","optional":true,"computed":true},"ssh_certificate":{"type":"string","description_kind":"plain","optional":true,"computed":true},"ssh_public_key1":{"type":"string","description_kind":"plain","optional":true,"computed":true},"ssh_public_key2":{"type":"string","description_kind":"plain","optional":true,"computed":true},"ssh_public_key3":{"type":"string","description_kind":"plain","optional":true,"computed":true},"trusthost1":{"type":"string","description_kind":"plain","optional":true,"computed":true},"trusthost10":{"type":"string","description_kind":"plain","optional":true,"computed":true},"trusthost2":{"type":"string","description_kind":"plain","optional":true,"computed":true},"trusthost3":{"type":"string","description_kind":"plain","optional":true,"computed":true},"trusthost4":{"type":"string","description_kind":"plain","optional":true,"computed":true},"trusthost5":{"type":"string","description_kind":"plain","optional":true,"computed":true},"trusthost6":{"type":"string","description_kind":"plain","optional":true,"computed":true},"trusthost7":{"type":"string","description_kind":"plain","optional":true,"computed":true},"trusthost8":{"type":"string","description_kind":"plain","optional":true,"computed":true},"trusthost9":{"type":"string","description_kind":"plain","optional":true,"computed":true},"two_factor":{"type":"string","description_kind":"plain","optional":true,"computed":true},"wildcard":{"type":"string","description_kind":"plain","optional":true,"computed":true}},"block_types":{"guest_usergroups":{"nesting_mode":"list","block":{"attributes":{"name":{"type":"string","description_kind":"plain","optional":true,"computed":true}},"description_kind":"plain"}},"gui_dashboard":{"nesting_mode":"list","block":{"attributes":{"columns":{"type":"number","description_kind":"plain","optional":true,"computed":true},"id":{"type":"number","description_kind":"plain","optional":true,"computed":true},"layout_type":{"type":"string","description_kind":"plain","optional":true,"computed":true},"name":{"type":"string","description_kind":"plain","optional":true,"computed":true},"scope":{"type":"string","description_kind":"plain","optional":true,"computed":true}},"block_types":{"widget":{"nesting_mode":"list","block":{"attributes":{"fabric_device":{"type":"string","description_kind":"plain","optional":true,"computed":true},"height":{"type":"number","description_kind":"plain","optional":true,"computed":true},"id":{"type":"number","description_kind":"plain","optional":true,"computed":true},"industry":{"type":"string","description_kind":"plain","optional":true,"computed":true},"interface":{"type":"string","description_kind":"plain","optional":true,"computed":true},"region":{"type":"string","description_kind":"plain","optional":true,"computed":true},"report_by":{"type":"string","description_kind":"plain","optional":true,"computed":true},"sort_by":{"type":"string","description_kind":"plain","optional":true,"computed":true},"timeframe":{"type":"string","description_kind":"plain","optional":true,"computed":true},"title":{"type":"string","description_kind":"plain","optional":true,"computed":true},"type":{"type":"string","description_kind":"plain","optional":true,"computed":true},"visualization":{"type":"string","description_kind":"plain","optional":true,"computed":true},"width":{"type":"number","description_kind":"plain","optional":true,"computed":true},"x_pos":{"type":"number","description_kind":"plain","optional":true,"computed":true},"y_pos":{"type":"number","description_kind":"plain","optional":true,"computed":true}},"block_types":{"filters":{"nesting_mode":"list","block":{"attributes":{"id":{"type":"number","description_kind":"plain","optional":true,"computed":true},"key":{"type":"string","description_kind":"plain","optional":true,"computed":true},"value":{"type":"string","description_kind":"plain","optional":true,"computed":true}},"description_kind":"plain"}}},"description_kind":"plain"}}},"description_kind":"plain"}},"gui_global_menu_favorites":{"nesting_mode":"list","block":{"attributes":{"id":{"type":"string","description_kind":"plain","optional":true,"computed":true}},"description_kind":"plain"}},"gui_new_feature_acknowledge":{"nesting_mode":"list","block":{"attributes":{"id":{"type":"string","description_kind":"plain","optional":true,"computed":true}},"description_kind":"plain"}},"gui_vdom_menu_favorites":{"nesting_mode":"list","block":{"attributes":{"id":{"type":"string","description_kind":"plain","optional":true,"computed":true}},"description_kind":"plain"}},"login_time":{"nesting_mode":"list","block":{"attributes":{"last_failed_login":{"type":"string","description_kind":"plain","optional":true,"computed":true},"last_login":{"type":"string","description_kind":"plain","optional":true,"computed":true},"usr_name":{"type":"string","description_kind":"plain","optional":true,"computed":true}},"description_kind":"plain"}},"vdom":{"nesting_mode":"list","block":{"attributes":{"name":{"type":"string","description_kind":"plain","optional":true,"computed":true}},"description_kind":"plain"}}},"description_kind":"plain"}},"fortios_system_admin_administrator":{"version":0,"block":{"attributes":{"accprofile":{"type":"string","description_kind":"plain","required":true},"comments":{"type":"string","description_kind":"plain","optional":true},"id":{"type":"string","description_kind":"plain","optional":true,"computed":true},"name":{"type":"string","description_kind":"plain","required":true},"password":{"type":"string","description_kind":"plain","required":true},"trusthost1":{"type":"string","description_kind":"plain","optional":true,"computed":true},"trusthost10":{"type":"string","description_kind":"plain","optional":true,"computed":true},"trusthost2":{"type":"string","description_kind":"plain","optional":true,"computed":true},"trusthost3":{"type":"string","description_kind":"plain","optional":true,"computed":true},"trusthost4":{"type":"string","description_kind":"plain","optional":true,"computed":true},"trusthost5":{"type":"string","description_kind":"plain","optional":true,"computed":true},"trusthost6":{"type":"string","description_kind":"plain","optional":true,"computed":true},"trusthost7":{"type":"string","description_kind":"plain","optional":true,"computed":true},"trusthost8":{"type":"string","description_kind":"plain","optional":true,"computed":true},"trusthost9":{"type":"string","description_kind":"plain","optional":true,"computed":true},"vdom":{"type":["list","string"],"description_kind":"plain","optional":true,"computed":true}},"description_kind":"plain"}},"fortios_system_admin_profiles":{"version":0,"block":{"attributes":{"admintimeout_override":{"type":"string","description_kind":"plain","optional":true,"computed":true},"authgrp":{"type":"string","description_kind":"plain","optional":true,"computed":true},"comments":{"type":"string","description_kind":"plain","optional":true},"ftviewgrp":{"type":"string","description_kind":"plain","optional":true,"computed":true},"fwgrp":{"type":"string","description_kind":"plain","optional":true,"computed":true},"id":{"type":"string","description_kind":"plain","optional":true,"computed":true},"loggrp":{"type":"string","description_kind":"plain","optional":true,"computed":true},"name":{"type":"string","description_kind":"plain","required":true},"netgrp":{"type":"string","description_kind":"plain","optional":true,"computed":true},"scope":{"type":"string","description_kind":"plain","optional":true,"computed":true},"secfabgrp":{"type":"string","description_kind":"plain","optional":true,"computed":true},"sysgrp":{"type":"string","description_kind":"plain","optional":true,"computed":true},"utmgrp":{"type":"string","description_kind":"plain","optional":true,"computed":true},"vpngrp":{"type":"string","description_kind":"plain","optional":true,"computed":true},"wanoptgrp":{"type":"string","description_kind":"plain","optional":true,"computed":true},"wifi":{"type":"string","description_kind":"plain","optional":true,"computed":true}},"description_kind":"plain"}},"fortios_system_affinityinterrupt":{"version":0,"block":{"attributes":{"affinity_cpumask":{"type":"string","description_kind":"plain","required":true},"fosid":{"type":"number","description_kind":"plain","required":true},"id":{"type":"string","description_kind":"plain","optional":true,"computed":true},"interrupt":{"type":"string","description_kind":"plain","required":true}},"description_kind":"plain"}},"fortios_system_affinitypacketredistribution":{"version":0,"block":{"attributes":{"affinity_cpumask":{"type":"string","description_kind":"plain","required":true},"fosid":{"type":"number","description_kind":"plain","required":true},"id":{"type":"string","description_kind":"plain","optional":true,"computed":true},"interface":{"type":"string","description_kind":"plain","required":true},"rxqid":{"type":"number","description_kind":"plain","required":true}},"description_kind":"plain"}},"fortios_system_alarm":{"version":0,"block":{"attributes":{"audible":{"type":"string","description_kind":"plain","optional":true,"computed":true},"id":{"type":"string","description_kind":"plain","optional":true,"computed":true},"status":{"type":"string","description_kind":"plain","optional":true,"computed":true}},"block_types":{"groups":{"nesting_mode":"list","block":{"attributes":{"admin_auth_failure_threshold":{"type":"number","description_kind":"plain","optional":true,"computed":true},"admin_auth_lockout_threshold":{"type":"number","description_kind":"plain","optional":true,"computed":true},"decryption_failure_threshold":{"type":"number","description_kind":"plain","optional":true,"computed":true},"encryption_failure_threshold":{"type":"number","description_kind":"plain","optional":true,"computed":true},"fw_policy_id":{"type":"number","description_kind":"plain","optional":true,"computed":true},"fw_policy_id_threshold":{"type":"number","description_kind":"plain","optional":true,"computed":true},"id":{"type":"number","description_kind":"plain","optional":true,"computed":true},"log_full_warning_threshold":{"type":"number","description_kind":"plain","optional":true,"computed":true},"period":{"type":"number","description_kind":"plain","optional":true,"computed":true},"replay_attempt_threshold":{"type":"number","description_kind":"plain","optional":true,"computed":true},"self_test_failure_threshold":{"type":"number","description_kind":"plain","optional":true,"computed":true},"user_auth_failure_threshold":{"type":"number","description_kind":"plain","optional":true,"computed":true},"user_auth_lockout_threshold":{"type":"number","description_kind":"plain","optional":true,"computed":true}},"block_types":{"fw_policy_violations":{"nesting_mode":"list","block":{"attributes":{"dst_ip":{"type":"string","description_kind":"plain","optional":true,"computed":true},"dst_port":{"type":"number","description_kind":"plain","optional":true,"computed":true},"id":{"type":"number","description_kind":"plain","optional":true,"computed":true},"src_ip":{"type":"string","description_kind":"plain","optional":true,"computed":true},"src_port":{"type":"number","description_kind":"plain","optional":true,"computed":true},"threshold":{"type":"number","description_kind":"plain","optional":true,"computed":true}},"description_kind":"plain"}}},"description_kind":"plain"}}},"description_kind":"plain"}},"fortios_system_alias":{"version":0,"block":{"attributes":{"command":{"type":"string","description_kind":"plain","optional":true},"id":{"type":"string","description_kind":"plain","optional":true,"computed":true},"name":{"type":"string","description_kind":"plain","optional":true,"computed":true}},"description_kind":"plain"}},"fortios_system_apiuser":{"version":0,"block":{"attributes":{"accprofile":{"type":"string","description_kind":"plain","required":true},"api_key":{"type":"string","description_kind":"plain","optional":true,"computed":true},"comments":{"type":"string","description_kind":"plain","optional":true},"cors_allow_origin":{"type":"string","description_kind":"plain","optional":true,"computed":true},"id":{"type":"string","description_kind":"plain","optional":true,"computed":true},"name":{"type":"string","description_kind":"plain","optional":true,"computed":true},"peer_auth":{"type":"string","description_kind":"plain","optional":true,"computed":true},"peer_group":{"type":"string","description_kind":"plain","optional":true,"computed":true},"schedule":{"type":"string","description_kind":"plain","optional":true,"computed":true}},"block_types":{"trusthost":{"nesting_mode":"list","block":{"attributes":{"id":{"type":"number","description_kind":"plain","optional":true,"computed":true},"ipv4_trusthost":{"type":"string","description_kind":"plain","optional":true,"computed":true},"ipv6_trusthost":{"type":"string","description_kind":"plain","optional":true,"computed":true},"type":{"type":"string","description_kind":"plain","optional":true,"computed":true}},"description_kind":"plain"}},"vdom":{"nesting_mode":"list","block":{"attributes":{"name":{"type":"string","description_kind":"plain","optional":true,"computed":true}},"description_kind":"plain"}}},"description_kind":"plain"}},"fortios_system_apiuser_setting":{"version":0,"block":{"attributes":{"accprofile":{"type":"string","description_kind":"plain","required":true},"comments":{"type":"string","description_kind":"plain","optional":true},"id":{"type":"string","description_kind":"plain","optional":true,"computed":true},"name":{"type":"string","description_kind":"plain","required":true},"vdom":{"type":["list","string"],"description_kind":"plain","required":true}},"block_types":{"trusthost":{"nesting_mode":"list","block":{"attributes":{"ipv4_trusthost":{"type":"string","description_kind":"plain","required":true},"type":{"type":"string","description_kind":"plain","required":true}},"description_kind":"plain"},"min_items":1}},"description_kind":"plain"}},"fortios_system_arptable":{"version":0,"block":{"attributes":{"fosid":{"type":"number","description_kind":"plain","required":true},"id":{"type":"string","description_kind":"plain","optional":true,"computed":true},"interface":{"type":"string","description_kind":"plain","required":true},"ip":{"type":"string","description_kind":"plain","required":true},"mac":{"type":"string","description_kind":"plain","required":true}},"description_kind":"plain"}},"fortios_system_autoinstall":{"version":0,"block":{"attributes":{"auto_install_config":{"type":"string","description_kind":"plain","optional":true,"computed":true},"auto_install_image":{"type":"string","description_kind":"plain","optional":true,"computed":true},"default_config_file":{"type":"string","description_kind":"plain","optional":true,"computed":true},"default_image_file":{"type":"string","description_kind":"plain","optional":true,"computed":true},"id":{"type":"string","description_kind":"plain","optional":true,"computed":true}},"description_kind":"plain"}},"fortios_system_automationaction":{"version":0,"block":{"attributes":{"action_type":{"type":"string","description_kind":"plain","optional":true,"computed":true},"aws_api_id":{"type":"string","description_kind":"plain","optional":true,"computed":true},"aws_api_key":{"type":"string","description_kind":"plain","optional":true},"aws_api_path":{"type":"string","description_kind":"plain","optional":true,"computed":true},"aws_api_stage":{"type":"string","description_kind":"plain","optional":true,"computed":true},"aws_domain":{"type":"string","description_kind":"plain","optional":true,"computed":true},"aws_region":{"type":"string","description_kind":"plain","optional":true,"computed":true},"delay":{"type":"number","description_kind":"plain","optional":true,"computed":true},"email_subject":{"type":"string","description_kind":"plain","optional":true},"http_body":{"type":"string","description_kind":"plain","optional":true},"id":{"type":"string","description_kind":"plain","optional":true,"computed":true},"method":{"type":"string","description_kind":"plain","optional":true,"computed":true},"minimum_interval":{"type":"number","description_kind":"plain","optional":true,"computed":true},"name":{"type":"string","description_kind":"plain","optional":true,"computed":true},"port":{"type":"number","description_kind":"plain","optional":true,"computed":true},"protocol":{"type":"string","description_kind":"plain","optional":true,"computed":true},"required":{"type":"string","description_kind":"plain","optional":true,"computed":true},"security_tag":{"type":"string","description_kind":"plain","optional":true,"computed":true},"uri":{"type":"string","description_kind":"plain","optional":true}},"block_types":{"email_to":{"nesting_mode":"list","block":{"attributes":{"name":{"type":"string","description_kind":"plain","optional":true,"computed":true}},"description_kind":"plain"}},"headers":{"nesting_mode":"list","block":{"attributes":{"header":{"type":"string","description_kind":"plain","optional":true,"computed":true}},"description_kind":"plain"}},"sdn_connector":{"nesting_mode":"list","block":{"attributes":{"name":{"type":"string","description_kind":"plain","optional":true,"computed":true}},"description_kind":"plain"}}},"description_kind":"plain"}},"fortios_system_automationdestination":{"version":0,"block":{"attributes":{"ha_group_id":{"type":"number","description_kind":"plain","optional":true,"computed":true},"id":{"type":"string","description_kind":"plain","optional":true,"computed":true},"name":{"type":"string","description_kind":"plain","optional":true,"computed":true},"type":{"type":"string","description_kind":"plain","optional":true,"computed":true}},"block_types":{"destination":{"nesting_mode":"list","block":{"attributes":{"name":{"type":"string","description_kind":"plain","optional":true,"computed":true}},"description_kind":"plain"}}},"description_kind":"plain"}},"fortios_system_automationstitch":{"version":0,"block":{"attributes":{"id":{"type":"string","description_kind":"plain","optional":true,"computed":true},"name":{"type":"string","description_kind":"plain","optional":true,"computed":true},"status":{"type":"string","description_kind":"plain","required":true},"trigger":{"type":"string","description_kind":"plain","required":true}},"block_types":{"action":{"nesting_mode":"list","block":{"attributes":{"name":{"type":"string","description_kind":"plain","optional":true,"computed":true}},"description_kind":"plain"}},"destination":{"nesting_mode":"list","block":{"attributes":{"name":{"type":"string","description_kind":"plain","optional":true,"computed":true}},"description_kind":"plain"}}},"description_kind":"plain"}},"fortios_system_automationtrigger":{"version":0,"block":{"attributes":{"event_type":{"type":"string","description_kind":"plain","optional":true,"computed":true},"id":{"type":"string","description_kind":"plain","optional":true,"computed":true},"ioc_level":{"type":"string","description_kind":"plain","optional":true,"computed":true},"license_type":{"type":"string","description_kind":"plain","optional":true,"computed":true},"logid":{"type":"number","description_kind":"plain","optional":true,"computed":true},"name":{"type":"string","description_kind":"plain","optional":true,"computed":true},"trigger_day":{"type":"number","description_kind":"plain","optional":true,"computed":true},"trigger_frequency":{"type":"string","description_kind":"plain","optional":true,"computed":true},"trigger_hour":{"type":"number","description_kind":"plain","optional":true,"computed":true},"trigger_minute":{"type":"number","description_kind":"plain","optional":true,"computed":true},"trigger_type":{"type":"string","description_kind":"plain","optional":true,"computed":true},"trigger_weekday":{"type":"string","description_kind":"plain","optional":true,"computed":true}},"description_kind":"plain"}},"fortios_system_autoscript":{"version":0,"block":{"attributes":{"id":{"type":"string","description_kind":"plain","optional":true,"computed":true},"interval":{"type":"number","description_kind":"plain","optional":true,"computed":true},"name":{"type":"string","description_kind":"plain","optional":true,"computed":true},"output_size":{"type":"number","description_kind":"plain","optional":true,"computed":true},"repeat":{"type":"number","description_kind":"plain","optional":true,"computed":true},"script":{"type":"string","description_kind":"plain","optional":true},"start":{"type":"string","description_kind":"plain","optional":true,"computed":true}},"description_kind":"plain"}},"fortios_system_centralmanagement":{"version":0,"block":{"attributes":{"allow_monitor":{"type":"string","description_kind":"plain","optional":true,"computed":true},"allow_push_configuration":{"type":"string","description_kind":"plain","optional":true,"computed":true},"allow_push_firmware":{"type":"string","description_kind":"plain","optional":true,"computed":true},"allow_remote_firmware_upgrade":{"type":"string","description_kind":"plain","optional":true,"computed":true},"enc_algorithm":{"type":"string","description_kind":"plain","optional":true,"computed":true},"fmg":{"type":"string","description_kind":"plain","optional":true,"computed":true},"fmg_source_ip":{"type":"string","description_kind":"plain","optional":true,"computed":true},"fmg_source_ip6":{"type":"string","description_kind":"plain","optional":true,"computed":true},"id":{"type":"string","description_kind":"plain","optional":true,"computed":true},"include_default_servers":{"type":"string","description_kind":"plain","optional":true,"computed":true},"mode":{"type":"string","description_kind":"plain","optional":true,"computed":true},"schedule_config_restore":{"type":"string","description_kind":"plain","optional":true,"computed":true},"schedule_script_restore":{"type":"string","description_kind":"plain","optional":true,"computed":true},"serial_number":{"type":"string","description_kind":"plain","optional":true,"computed":true},"type":{"type":"string","description_kind":"plain","optional":true,"computed":true},"vdom":{"type":"string","description_kind":"plain","optional":true,"computed":true}},"block_types":{"server_list":{"nesting_mode":"list","block":{"attributes":{"addr_type":{"type":"string","description_kind":"plain","optional":true,"computed":true},"fqdn":{"type":"string","description_kind":"plain","optional":true,"computed":true},"id":{"type":"number","description_kind":"plain","optional":true,"computed":true},"server_address":{"type":"string","description_kind":"plain","optional":true,"computed":true},"server_address6":{"type":"string","description_kind":"plain","optional":true,"computed":true},"server_type":{"type":"string","description_kind":"plain","optional":true,"computed":true}},"description_kind":"plain"}}},"description_kind":"plain"}},"fortios_system_clustersync":{"version":0,"block":{"attributes":{"hb_interval":{"type":"number","description_kind":"plain","optional":true,"computed":true},"hb_lost_threshold":{"type":"number","description_kind":"plain","optional":true,"computed":true},"id":{"type":"string","description_kind":"plain","optional":true,"computed":true},"peerip":{"type":"string","description_kind":"plain","optional":true,"computed":true},"peervd":{"type":"string","description_kind":"plain","optional":true,"computed":true},"slave_add_ike_routes":{"type":"string","description_kind":"plain","optional":true,"computed":true},"sync_id":{"type":"number","description_kind":"plain","optional":true,"computed":true}},"block_types":{"down_intfs_before_sess_sync":{"nesting_mode":"list","block":{"attributes":{"name":{"type":"string","description_kind":"plain","optional":true,"computed":true}},"description_kind":"plain"}},"session_sync_filter":{"nesting_mode":"list","block":{"attributes":{"dstaddr":{"type":"string","description_kind":"plain","optional":true,"computed":true},"dstaddr6":{"type":"string","description_kind":"plain","optional":true,"computed":true},"dstintf":{"type":"string","description_kind":"plain","optional":true,"computed":true},"srcaddr":{"type":"string","description_kind":"plain","optional":true,"computed":true},"srcaddr6":{"type":"string","description_kind":"plain","optional":true,"computed":true},"srcintf":{"type":"string","description_kind":"plain","optional":true,"computed":true}},"block_types":{"custom_service":{"nesting_mode":"list","block":{"attributes":{"dst_port_range":{"type":"string","description_kind":"plain","optional":true,"computed":true},"id":{"type":"number","description_kind":"plain","optional":true,"computed":true},"src_port_range":{"type":"string","description_kind":"plain","optional":true,"computed":true}},"description_kind":"plain"}}},"description_kind":"plain"},"max_items":1},"syncvd":{"nesting_mode":"list","block":{"attributes":{"name":{"type":"string","description_kind":"plain","optional":true,"computed":true}},"description_kind":"plain"}}},"description_kind":"plain"}},"fortios_system_console":{"version":0,"block":{"attributes":{"baudrate":{"type":"string","description_kind":"plain","optional":true,"computed":true},"id":{"type":"string","description_kind":"plain","optional":true,"computed":true},"login":{"type":"string","description_kind":"plain","optional":true,"computed":true},"mode":{"type":"string","description_kind":"plain","optional":true,"computed":true},"output":{"type":"string","description_kind":"plain","optional":true,"computed":true}},"description_kind":"plain"}},"fortios_system_csf":{"version":0,"block":{"attributes":{"configuration_sync":{"type":"string","description_kind":"plain","optional":true,"computed":true},"fixed_key":{"type":"string","description_kind":"plain","optional":true},"group_name":{"type":"string","description_kind":"plain","optional":true,"computed":true},"group_password":{"type":"string","description_kind":"plain","optional":true},"id":{"type":"string","description_kind":"plain","optional":true,"computed":true},"management_ip":{"type":"string","description_kind":"plain","optional":true,"computed":true},"management_port":{"type":"number","description_kind":"plain","optional":true,"computed":true},"status":{"type":"string","description_kind":"plain","required":true},"upstream_ip":{"type":"string","description_kind":"plain","optional":true,"computed":true},"upstream_port":{"type":"number","description_kind":"plain","optional":true,"computed":true}},"block_types":{"fabric_device":{"nesting_mode":"list","block":{"attributes":{"device_ip":{"type":"string","description_kind":"plain","optional":true,"computed":true},"device_type":{"type":"string","description_kind":"plain","optional":true,"computed":true},"login":{"type":"string","description_kind":"plain","optional":true,"computed":true},"name":{"type":"string","description_kind":"plain","optional":true,"computed":true},"password":{"type":"string","description_kind":"plain","optional":true}},"description_kind":"plain"}},"trusted_list":{"nesting_mode":"list","block":{"attributes":{"action":{"type":"string","description_kind":"plain","optional":true,"computed":true},"downstream_authorization":{"type":"string","description_kind":"plain","optional":true,"computed":true},"ha_members":{"type":"string","description_kind":"plain","optional":true,"computed":true},"serial":{"type":"string","description_kind":"plain","optional":true,"computed":true}},"description_kind":"plain"}}},"description_kind":"plain"}},"fortios_system_customlanguage":{"version":0,"block":{"attributes":{"comments":{"type":"string","description_kind":"plain","optional":true},"filename":{"type":"string","description_kind":"plain","required":true},"id":{"type":"string","description_kind":"plain","optional":true,"computed":true},"name":{"type":"string","description_kind":"plain","required":true}},"description_kind":"plain"}},"fortios_system_ddns":{"version":0,"block":{"attributes":{"bound_ip":{"type":"string","description_kind":"plain","optional":true,"computed":true},"clear_text":{"type":"string","description_kind":"plain","optional":true,"computed":true},"ddns_auth":{"type":"string","description_kind":"plain","optional":true,"computed":true},"ddns_domain":{"type":"string","description_kind":"plain","optional":true,"computed":true},"ddns_key":{"type":"string","description_kind":"plain","optional":true,"computed":true},"ddns_keyname":{"type":"string","description_kind":"plain","optional":true,"computed":true},"ddns_password":{"type":"string","description_kind":"plain","optional":true},"ddns_server":{"type":"string","description_kind":"plain","required":true},"ddns_server_ip":{"type":"string","description_kind":"plain","optional":true,"computed":true},"ddns_sn":{"type":"string","description_kind":"plain","optional":true,"computed":true},"ddns_ttl":{"type":"number","description_kind":"plain","optional":true,"computed":true},"ddns_username":{"type":"string","description_kind":"plain","optional":true,"computed":true},"ddns_zone":{"type":"string","description_kind":"plain","optional":true,"computed":true},"ddnsid":{"type":"number","description_kind":"plain","optional":true,"computed":true},"id":{"type":"string","description_kind":"plain","optional":true,"computed":true},"ssl_certificate":{"type":"string","description_kind":"plain","optional":true,"computed":true},"update_interval":{"type":"number","description_kind":"plain","optional":true,"computed":true},"use_public_ip":{"type":"string","description_kind":"plain","optional":true,"computed":true}},"block_types":{"monitor_interface":{"nesting_mode":"list","block":{"attributes":{"interface_name":{"type":"string","description_kind":"plain","optional":true,"computed":true}},"description_kind":"plain"},"min_items":1}},"description_kind":"plain"}},"fortios_system_dedicatedmgmt":{"version":0,"block":{"attributes":{"default_gateway":{"type":"string","description_kind":"plain","optional":true,"computed":true},"dhcp_end_ip":{"type":"string","description_kind":"plain","optional":true,"computed":true},"dhcp_netmask":{"type":"string","description_kind":"plain","optional":true,"computed":true},"dhcp_server":{"type":"string","description_kind":"plain","optional":true,"computed":true},"dhcp_start_ip":{"type":"string","description_kind":"plain","optional":true,"computed":true},"id":{"type":"string","description_kind":"plain","optional":true,"computed":true},"interface":{"type":"string","description_kind":"plain","optional":true,"computed":true},"status":{"type":"string","description_kind":"plain","optional":true,"computed":true}},"description_kind":"plain"}},"fortios_system_dns":{"version":0,"block":{"attributes":{"cache_notfound_responses":{"type":"string","description_kind":"plain","optional":true,"computed":true},"dns_cache_limit":{"type":"number","description_kind":"plain","optional":true,"computed":true},"dns_cache_ttl":{"type":"number","description_kind":"plain","optional":true,"computed":true},"id":{"type":"string","description_kind":"plain","optional":true,"computed":true},"ip6_primary":{"type":"string","description_kind":"plain","optional":true,"computed":true},"ip6_secondary":{"type":"string","description_kind":"plain","optional":true,"computed":true},"primary":{"type":"string","description_kind":"plain","required":true},"retry":{"type":"number","description_kind":"plain","optional":true,"computed":true},"secondary":{"type":"string","description_kind":"plain","optional":true,"computed":true},"source_ip":{"type":"string","description_kind":"plain","optional":true,"computed":true},"timeout":{"type":"number","description_kind":"plain","optional":true,"computed":true}},"block_types":{"domain":{"nesting_mode":"list","block":{"attributes":{"domain":{"type":"string","description_kind":"plain","optional":true,"computed":true}},"description_kind":"plain"}}},"description_kind":"plain"}},"fortios_system_dnsdatabase":{"version":0,"block":{"attributes":{"allow_transfer":{"type":"string","description_kind":"plain","optional":true,"computed":true},"authoritative":{"type":"string","description_kind":"plain","required":true},"contact":{"type":"string","description_kind":"plain","optional":true,"computed":true},"domain":{"type":"string","description_kind":"plain","required":true},"forwarder":{"type":"string","description_kind":"plain","optional":true,"computed":true},"id":{"type":"string","description_kind":"plain","optional":true,"computed":true},"ip_master":{"type":"string","description_kind":"plain","optional":true,"computed":true},"name":{"type":"string","description_kind":"plain","required":true},"primary_name":{"type":"string","description_kind":"plain","optional":true,"computed":true},"source_ip":{"type":"string","description_kind":"plain","optional":true,"computed":true},"status":{"type":"string","description_kind":"plain","optional":true,"computed":true},"ttl":{"type":"number","description_kind":"plain","required":true},"type":{"type":"string","description_kind":"plain","required":true},"view":{"type":"string","description_kind":"plain","required":true}},"block_types":{"dns_entry":{"nesting_mode":"list","block":{"attributes":{"canonical_name":{"type":"string","description_kind":"plain","optional":true,"computed":true},"hostname":{"type":"string","description_kind":"plain","optional":true,"computed":true},"id":{"type":"number","description_kind":"plain","optional":true,"computed":true},"ip":{"type":"string","description_kind":"plain","optional":true,"computed":true},"ipv6":{"type":"string","description_kind":"plain","optional":true,"computed":true},"preference":{"type":"number","description_kind":"plain","optional":true,"computed":true},"status":{"type":"string","description_kind":"plain","optional":true,"computed":true},"ttl":{"type":"number","description_kind":"plain","optional":true,"computed":true},"type":{"type":"string","description_kind":"plain","optional":true,"computed":true}},"description_kind":"plain"}}},"description_kind":"plain"}},"fortios_system_dnsserver":{"version":0,"block":{"attributes":{"dnsfilter_profile":{"type":"string","description_kind":"plain","optional":true,"computed":true},"id":{"type":"string","description_kind":"plain","optional":true,"computed":true},"mode":{"type":"string","description_kind":"plain","optional":true,"computed":true},"name":{"type":"string","description_kind":"plain","optional":true,"computed":true}},"description_kind":"plain"}},"fortios_system_dscpbasedpriority":{"version":0,"block":{"attributes":{"ds":{"type":"number","description_kind":"plain","optional":true,"computed":true},"fosid":{"type":"number","description_kind":"plain","optional":true,"computed":true},"id":{"type":"string","description_kind":"plain","optional":true,"computed":true},"priority":{"type":"string","description_kind":"plain","optional":true,"computed":true}},"description_kind":"plain"}},"fortios_system_emailserver":{"version":0,"block":{"attributes":{"authenticate":{"type":"string","description_kind":"plain","optional":true,"computed":true},"id":{"type":"string","description_kind":"plain","optional":true,"computed":true},"password":{"type":"string","description_kind":"plain","optional":true},"port":{"type":"number","description_kind":"plain","optional":true,"computed":true},"reply_to":{"type":"string","description_kind":"plain","optional":true,"computed":true},"security":{"type":"string","description_kind":"plain","optional":true,"computed":true},"server":{"type":"string","description_kind":"plain","optional":true,"computed":true},"source_ip":{"type":"string","description_kind":"plain","optional":true,"computed":true},"source_ip6":{"type":"string","description_kind":"plain","optional":true,"computed":true},"ssl_min_proto_version":{"type":"string","description_kind":"plain","optional":true,"computed":true},"type":{"type":"string","description_kind":"plain","optional":true,"computed":true},"username":{"type":"string","description_kind":"plain","optional":true,"computed":true},"validate_server":{"type":"string","description_kind":"plain","optional":true,"computed":true}},"description_kind":"plain"}},"fortios_system_externalresource":{"version":0,"block":{"attributes":{"category":{"type":"number","description_kind":"plain","optional":true,"computed":true},"comments":{"type":"string","description_kind":"plain","optional":true},"id":{"type":"string","description_kind":"plain","optional":true,"computed":true},"name":{"type":"string","description_kind":"plain","required":true},"password":{"type":"string","description_kind":"plain","optional":true},"refresh_rate":{"type":"number","description_kind":"plain","required":true},"resource":{"type":"string","description_kind":"plain","required":true},"status":{"type":"string","description_kind":"plain","optional":true,"computed":true},"type":{"type":"string","description_kind":"plain","optional":true,"computed":true},"username":{"type":"string","description_kind":"plain","optional":true,"computed":true}},"description_kind":"plain"}},"fortios_system_fipscc":{"version":0,"block":{"attributes":{"entropy_token":{"type":"string","description_kind":"plain","optional":true,"computed":true},"id":{"type":"string","description_kind":"plain","optional":true,"computed":true},"key_generation_self_test":{"type":"string","description_kind":"plain","optional":true,"computed":true},"self_test_period":{"type":"number","description_kind":"plain","optional":true,"computed":true},"status":{"type":"string","description_kind":"plain","optional":true,"computed":true}},"description_kind":"plain"}},"fortios_system_fm":{"version":0,"block":{"attributes":{"auto_backup":{"type":"string","description_kind":"plain","optional":true,"computed":true},"fosid":{"type":"string","description_kind":"plain","optional":true,"computed":true},"id":{"type":"string","description_kind":"plain","optional":true,"computed":true},"ip":{"type":"string","description_kind":"plain","optional":true,"computed":true},"ipsec":{"type":"string","description_kind":"plain","optional":true,"computed":true},"scheduled_config_restore":{"type":"string","description_kind":"plain","optional":true,"computed":true},"status":{"type":"string","description_kind":"plain","optional":true,"computed":true},"vdom":{"type":"string","description_kind":"plain","optional":true,"computed":true}},"description_kind":"plain"}},"fortios_system_fortiguard":{"version":0,"block":{"attributes":{"antispam_cache":{"type":"string","description_kind":"plain","optional":true,"computed":true},"antispam_cache_mpercent":{"type":"number","description_kind":"plain","optional":true,"computed":true},"antispam_cache_ttl":{"type":"number","description_kind":"plain","optional":true,"computed":true},"antispam_expiration":{"type":"number","description_kind":"plain","optional":true,"computed":true},"antispam_force_off":{"type":"string","description_kind":"plain","optional":true,"computed":true},"antispam_license":{"type":"number","description_kind":"plain","optional":true,"computed":true},"antispam_timeout":{"type":"number","description_kind":"plain","required":true},"auto_join_forticloud":{"type":"string","description_kind":"plain","optional":true,"computed":true},"ddns_server_ip":{"type":"string","description_kind":"plain","optional":true,"computed":true},"ddns_server_port":{"type":"number","description_kind":"plain","optional":true,"computed":true},"id":{"type":"string","description_kind":"plain","optional":true,"computed":true},"load_balance_servers":{"type":"number","description_kind":"plain","optional":true,"computed":true},"outbreak_prevention_cache":{"type":"string","description_kind":"plain","optional":true,"computed":true},"outbreak_prevention_cache_mpercent":{"type":"number","description_kind":"plain","optional":true,"computed":true},"outbreak_prevention_cache_ttl":{"type":"number","description_kind":"plain","optional":true,"computed":true},"outbreak_prevention_expiration":{"type":"number","description_kind":"plain","optional":true,"computed":true},"outbreak_prevention_force_off":{"type":"string","description_kind":"plain","optional":true,"computed":true},"outbreak_prevention_license":{"type":"number","description_kind":"plain","optional":true,"computed":true},"outbreak_prevention_timeout":{"type":"number","description_kind":"plain","required":true},"port":{"type":"string","description_kind":"plain","optional":true,"computed":true},"sandbox_region":{"type":"string","description_kind":"plain","optional":true,"computed":true},"sdns_server_ip":{"type":"string","description_kind":"plain","optional":true,"computed":true},"sdns_server_port":{"type":"number","description_kind":"plain","optional":true,"computed":true},"service_account_id":{"type":"string","description_kind":"plain","optional":true,"computed":true},"source_ip":{"type":"string","description_kind":"plain","optional":true,"computed":true},"source_ip6":{"type":"string","description_kind":"plain","optional":true,"computed":true},"update_server_location":{"type":"string","description_kind":"plain","optional":true,"computed":true},"webfilter_cache":{"type":"string","description_kind":"plain","optional":true,"computed":true},"webfilter_cache_ttl":{"type":"number","description_kind":"plain","optional":true,"computed":true},"webfilter_expiration":{"type":"number","description_kind":"plain","optional":true,"computed":true},"webfilter_force_off":{"type":"string","description_kind":"plain","optional":true,"computed":true},"webfilter_license":{"type":"number","description_kind":"plain","optional":true,"computed":true},"webfilter_timeout":{"type":"number","description_kind":"plain","required":true}},"description_kind":"plain"}},"fortios_system_fortimanager":{"version":0,"block":{"attributes":{"central_management":{"type":"string","description_kind":"plain","optional":true,"computed":true},"central_mgmt_auto_backup":{"type":"string","description_kind":"plain","optional":true,"computed":true},"central_mgmt_schedule_config_restore":{"type":"string","description_kind":"plain","optional":true,"computed":true},"central_mgmt_schedule_script_restore":{"type":"string","description_kind":"plain","optional":true,"computed":true},"id":{"type":"string","description_kind":"plain","optional":true,"computed":true},"ip":{"type":"string","description_kind":"plain","optional":true,"computed":true},"ipsec":{"type":"string","description_kind":"plain","optional":true,"computed":true},"vdom":{"type":"string","description_kind":"plain","optional":true,"computed":true}},"description_kind":"plain"}},"fortios_system_fortisandbox":{"version":0,"block":{"attributes":{"email":{"type":"string","description_kind":"plain","optional":true,"computed":true},"enc_algorithm":{"type":"string","description_kind":"plain","optional":true,"computed":true},"id":{"type":"string","description_kind":"plain","optional":true,"computed":true},"server":{"type":"string","description_kind":"plain","optional":true,"computed":true},"source_ip":{"type":"string","description_kind":"plain","optional":true,"computed":true},"ssl_min_proto_version":{"type":"string","description_kind":"plain","optional":true,"computed":true},"status":{"type":"string","description_kind":"plain","optional":true,"computed":true}},"description_kind":"plain"}},"fortios_system_fssopolling":{"version":0,"block":{"attributes":{"auth_password":{"type":"string","description_kind":"plain","optional":true},"authentication":{"type":"string","description_kind":"plain","optional":true,"computed":true},"id":{"type":"string","description_kind":"plain","optional":true,"computed":true},"listening_port":{"type":"number","description_kind":"plain","optional":true,"computed":true},"status":{"type":"string","description_kind":"plain","optional":true,"computed":true}},"description_kind":"plain"}},"fortios_system_ftmpush":{"version":0,"block":{"attributes":{"id":{"type":"string","description_kind":"plain","optional":true,"computed":true},"server_ip":{"type":"string","description_kind":"plain","optional":true,"computed":true},"server_port":{"type":"number","description_kind":"plain","optional":true,"computed":true},"status":{"type":"string","description_kind":"plain","optional":true,"computed":true}},"description_kind":"plain"}},"fortios_system_geneve":{"version":0,"block":{"attributes":{"dstport":{"type":"number","description_kind":"plain","optional":true,"computed":true},"id":{"type":"string","description_kind":"plain","optional":true,"computed":true},"interface":{"type":"string","description_kind":"plain","required":true},"ip_version":{"type":"string","description_kind":"plain","required":true},"name":{"type":"string","description_kind":"plain","optional":true,"computed":true},"remote_ip":{"type":"string","description_kind":"plain","required":true},"remote_ip6":{"type":"string","description_kind":"plain","optional":true,"computed":true},"vni":{"type":"number","description_kind":"plain","required":true}},"description_kind":"plain"}},"fortios_system_geoipoverride":{"version":0,"block":{"attributes":{"country_id":{"type":"string","description_kind":"plain","optional":true,"computed":true},"description":{"type":"string","description_kind":"plain","optional":true,"computed":true},"id":{"type":"string","description_kind":"plain","optional":true,"computed":true},"name":{"type":"string","description_kind":"plain","required":true}},"block_types":{"ip_range":{"nesting_mode":"list","block":{"attributes":{"end_ip":{"type":"string","description_kind":"plain","optional":true,"computed":true},"id":{"type":"number","description_kind":"plain","optional":true,"computed":true},"start_ip":{"type":"string","description_kind":"plain","optional":true,"computed":true}},"description_kind":"plain"}}},"description_kind":"plain"}},"fortios_system_global":{"version":0,"block":{"attributes":{"admin_concurrent":{"type":"string","description_kind":"plain","optional":true,"computed":true},"admin_console_timeout":{"type":"number","description_kind":"plain","optional":true,"computed":true},"admin_hsts_max_age":{"type":"number","description_kind":"plain","optional":true,"computed":true},"admin_https_pki_required":{"type":"string","description_kind":"plain","optional":true,"computed":true},"admin_https_redirect":{"type":"string","description_kind":"plain","optional":true,"computed":true},"admin_https_ssl_versions":{"type":"string","description_kind":"plain","optional":true,"computed":true},"admin_lockout_duration":{"type":"number","description_kind":"plain","optional":true,"computed":true},"admin_lockout_threshold":{"type":"number","description_kind":"plain","optional":true,"computed":true},"admin_login_max":{"type":"number","description_kind":"plain","optional":true,"computed":true},"admin_maintainer":{"type":"string","description_kind":"plain","optional":true,"computed":true},"admin_port":{"type":"number","description_kind":"plain","optional":true,"computed":true},"admin_restrict_local":{"type":"string","description_kind":"plain","optional":true,"computed":true},"admin_scp":{"type":"string","description_kind":"plain","optional":true,"computed":true},"admin_server_cert":{"type":"string","description_kind":"plain","optional":true,"computed":true},"admin_sport":{"type":"number","description_kind":"plain","optional":true,"computed":true},"admin_ssh_grace_time":{"type":"number","description_kind":"plain","optional":true,"computed":true},"admin_ssh_password":{"type":"string","description_kind":"plain","optional":true,"computed":true},"admin_ssh_port":{"type":"number","description_kind":"plain","optional":true,"computed":true},"admin_ssh_v1":{"type":"string","description_kind":"plain","optional":true,"computed":true},"admin_telnet":{"type":"string","description_kind":"plain","optional":true,"computed":true},"admin_telnet_port":{"type":"number","description_kind":"plain","optional":true,"computed":true},"admintimeout":{"type":"number","description_kind":"plain","optional":true,"computed":true},"alias":{"type":"string","description_kind":"plain","optional":true,"computed":true},"allow_traffic_redirect":{"type":"string","description_kind":"plain","optional":true,"computed":true},"anti_replay":{"type":"string","description_kind":"plain","optional":true,"computed":true},"arp_max_entry":{"type":"number","description_kind":"plain","optional":true,"computed":true},"asymroute":{"type":"string","description_kind":"plain","optional":true,"computed":true},"auth_cert":{"type":"string","description_kind":"plain","optional":true,"computed":true},"auth_http_port":{"type":"number","description_kind":"plain","optional":true,"computed":true},"auth_https_port":{"type":"number","description_kind":"plain","optional":true,"computed":true},"auth_keepalive":{"type":"string","description_kind":"plain","optional":true,"computed":true},"auth_session_limit":{"type":"string","description_kind":"plain","optional":true,"computed":true},"auto_auth_extension_device":{"type":"string","description_kind":"plain","optional":true,"computed":true},"av_affinity":{"type":"string","description_kind":"plain","optional":true,"computed":true},"av_failopen":{"type":"string","description_kind":"plain","optional":true,"computed":true},"av_failopen_session":{"type":"string","description_kind":"plain","optional":true,"computed":true},"batch_cmdb":{"type":"string","description_kind":"plain","optional":true,"computed":true},"block_session_timer":{"type":"number","description_kind":"plain","optional":true,"computed":true},"br_fdb_max_entry":{"type":"number","description_kind":"plain","optional":true,"computed":true},"cert_chain_max":{"type":"number","description_kind":"plain","optional":true,"computed":true},"cfg_revert_timeout":{"type":"number","description_kind":"plain","optional":true,"computed":true},"cfg_save":{"type":"string","description_kind":"plain","optional":true,"computed":true},"check_protocol_header":{"type":"string","description_kind":"plain","optional":true,"computed":true},"check_reset_range":{"type":"string","description_kind":"plain","optional":true,"computed":true},"cli_audit_log":{"type":"string","description_kind":"plain","optional":true,"computed":true},"cloud_communication":{"type":"string","description_kind":"plain","optional":true,"computed":true},"clt_cert_req":{"type":"string","description_kind":"plain","optional":true,"computed":true},"compliance_check":{"type":"string","description_kind":"plain","optional":true,"computed":true},"compliance_check_time":{"type":"string","description_kind":"plain","optional":true,"computed":true},"cpu_use_threshold":{"type":"number","description_kind":"plain","optional":true,"computed":true},"csr_ca_attribute":{"type":"string","description_kind":"plain","optional":true,"computed":true},"daily_restart":{"type":"string","description_kind":"plain","optional":true,"computed":true},"default_service_source_port":{"type":"string","description_kind":"plain","optional":true,"computed":true},"device_identification_active_scan_delay":{"type":"number","description_kind":"plain","optional":true,"computed":true},"device_idle_timeout":{"type":"number","description_kind":"plain","optional":true,"computed":true},"dh_params":{"type":"string","description_kind":"plain","optional":true,"computed":true},"dnsproxy_worker_count":{"type":"number","description_kind":"plain","optional":true,"computed":true},"dst":{"type":"string","description_kind":"plain","optional":true,"computed":true},"endpoint_control_fds_access":{"type":"string","description_kind":"plain","optional":true,"computed":true},"endpoint_control_portal_port":{"type":"number","description_kind":"plain","optional":true,"computed":true},"failtime":{"type":"number","description_kind":"plain","optional":true,"computed":true},"fds_statistics":{"type":"string","description_kind":"plain","optional":true,"computed":true},"fds_statistics_period":{"type":"number","description_kind":"plain","optional":true,"computed":true},"fgd_alert_subscription":{"type":"string","description_kind":"plain","optional":true,"computed":true},"fortiextender":{"type":"string","description_kind":"plain","optional":true,"computed":true},"fortiextender_data_port":{"type":"number","description_kind":"plain","optional":true,"computed":true},"fortiextender_vlan_mode":{"type":"string","description_kind":"plain","optional":true,"computed":true},"fortiservice_port":{"type":"number","description_kind":"plain","optional":true,"computed":true},"gui_certificates":{"type":"string","description_kind":"plain","optional":true,"computed":true},"gui_custom_language":{"type":"string","description_kind":"plain","optional":true,"computed":true},"gui_date_format":{"type":"string","description_kind":"plain","optional":true,"computed":true},"gui_device_latitude":{"type":"string","description_kind":"plain","optional":true,"computed":true},"gui_device_longitude":{"type":"string","description_kind":"plain","optional":true,"computed":true},"gui_display_hostname":{"type":"string","description_kind":"plain","optional":true,"computed":true},"gui_ipv6":{"type":"string","description_kind":"plain","optional":true,"computed":true},"gui_lines_per_page":{"type":"number","description_kind":"plain","optional":true,"computed":true},"gui_theme":{"type":"string","description_kind":"plain","optional":true,"computed":true},"gui_wireless_opensecurity":{"type":"string","description_kind":"plain","optional":true,"computed":true},"honor_df":{"type":"string","description_kind":"plain","optional":true,"computed":true},"hostname":{"type":"string","description_kind":"plain","optional":true,"computed":true},"id":{"type":"string","description_kind":"plain","optional":true,"computed":true},"igmp_state_limit":{"type":"number","description_kind":"plain","optional":true,"computed":true},"interval":{"type":"number","description_kind":"plain","optional":true,"computed":true},"ip_src_port_range":{"type":"string","description_kind":"plain","optional":true,"computed":true},"ips_affinity":{"type":"string","description_kind":"plain","optional":true,"computed":true},"ipsec_asic_offload":{"type":"string","description_kind":"plain","optional":true,"computed":true},"ipsec_hmac_offload":{"type":"string","description_kind":"plain","optional":true,"computed":true},"ipsec_soft_dec_async":{"type":"string","description_kind":"plain","optional":true,"computed":true},"ipv6_accept_dad":{"type":"number","description_kind":"plain","optional":true,"computed":true},"ipv6_allow_anycast_probe":{"type":"string","description_kind":"plain","optional":true,"computed":true},"language":{"type":"string","description_kind":"plain","optional":true,"computed":true},"ldapconntimeout":{"type":"number","description_kind":"plain","optional":true,"computed":true},"lldp_reception":{"type":"string","description_kind":"plain","optional":true,"computed":true},"lldp_transmission":{"type":"string","description_kind":"plain","optional":true,"computed":true},"log_ssl_connection":{"type":"string","description_kind":"plain","optional":true,"computed":true},"log_uuid_address":{"type":"string","description_kind":"plain","optional":true,"computed":true},"log_uuid_policy":{"type":"string","description_kind":"plain","optional":true,"computed":true},"login_timestamp":{"type":"string","description_kind":"plain","optional":true,"computed":true},"long_vdom_name":{"type":"string","description_kind":"plain","optional":true,"computed":true},"management_vdom":{"type":"string","description_kind":"plain","optional":true,"computed":true},"max_dlpstat_memory":{"type":"number","description_kind":"plain","optional":true,"computed":true},"max_route_cache_size":{"type":"number","description_kind":"plain","optional":true,"computed":true},"mc_ttl_notchange":{"type":"string","description_kind":"plain","optional":true,"computed":true},"memory_use_threshold_extreme":{"type":"number","description_kind":"plain","optional":true,"computed":true},"memory_use_threshold_green":{"type":"number","description_kind":"plain","optional":true,"computed":true},"memory_use_threshold_red":{"type":"number","description_kind":"plain","optional":true,"computed":true},"miglog_affinity":{"type":"string","description_kind":"plain","optional":true,"computed":true},"miglogd_children":{"type":"number","description_kind":"plain","optional":true,"computed":true},"multi_factor_authentication":{"type":"string","description_kind":"plain","optional":true,"computed":true},"multicast_forward":{"type":"string","description_kind":"plain","optional":true,"computed":true},"ndp_max_entry":{"type":"number","description_kind":"plain","optional":true,"computed":true},"per_user_bwl":{"type":"string","description_kind":"plain","optional":true,"computed":true},"policy_auth_concurrent":{"type":"number","description_kind":"plain","optional":true,"computed":true},"post_login_banner":{"type":"string","description_kind":"plain","optional":true,"computed":true},"pre_login_banner":{"type":"string","description_kind":"plain","optional":true,"computed":true},"private_data_encryption":{"type":"string","description_kind":"plain","optional":true,"computed":true},"proxy_auth_lifetime":{"type":"string","description_kind":"plain","optional":true,"computed":true},"proxy_auth_lifetime_timeout":{"type":"number","description_kind":"plain","optional":true,"computed":true},"proxy_auth_timeout":{"type":"number","description_kind":"plain","optional":true,"computed":true},"proxy_cipher_hardware_acceleration":{"type":"string","description_kind":"plain","optional":true,"computed":true},"proxy_kxp_hardware_acceleration":{"type":"string","description_kind":"plain","optional":true,"computed":true},"proxy_re_authentication_mode":{"type":"string","description_kind":"plain","optional":true,"computed":true},"proxy_worker_count":{"type":"number","description_kind":"plain","optional":true,"computed":true},"radius_port":{"type":"number","description_kind":"plain","optional":true,"computed":true},"reboot_upon_config_restore":{"type":"string","description_kind":"plain","optional":true,"computed":true},"refresh":{"type":"number","description_kind":"plain","optional":true,"computed":true},"remoteauthtimeout":{"type":"number","description_kind":"plain","optional":true,"computed":true},"reset_sessionless_tcp":{"type":"string","description_kind":"plain","optional":true,"computed":true},"restart_time":{"type":"string","description_kind":"plain","optional":true,"computed":true},"revision_backup_on_logout":{"type":"string","description_kind":"plain","optional":true,"computed":true},"revision_image_auto_backup":{"type":"string","description_kind":"plain","optional":true,"computed":true},"scanunit_count":{"type":"number","description_kind":"plain","optional":true,"computed":true},"security_rating_result_submission":{"type":"string","description_kind":"plain","optional":true,"computed":true},"security_rating_run_on_schedule":{"type":"string","description_kind":"plain","optional":true,"computed":true},"send_pmtu_icmp":{"type":"string","description_kind":"plain","optional":true,"computed":true},"snat_route_change":{"type":"string","description_kind":"plain","optional":true,"computed":true},"special_file_23_support":{"type":"string","description_kind":"plain","optional":true,"computed":true},"ssd_trim_date":{"type":"number","description_kind":"plain","optional":true,"computed":true},"ssd_trim_freq":{"type":"string","description_kind":"plain","optional":true,"computed":true},"ssd_trim_hour":{"type":"number","description_kind":"plain","optional":true,"computed":true},"ssd_trim_min":{"type":"number","description_kind":"plain","optional":true,"computed":true},"ssd_trim_weekday":{"type":"string","description_kind":"plain","optional":true,"computed":true},"ssh_cbc_cipher":{"type":"string","description_kind":"plain","optional":true,"computed":true},"ssh_hmac_md5":{"type":"string","description_kind":"plain","optional":true,"computed":true},"ssh_kex_sha1":{"type":"string","description_kind":"plain","optional":true,"computed":true},"ssh_mac_weak":{"type":"string","description_kind":"plain","optional":true,"computed":true},"ssl_min_proto_version":{"type":"string","description_kind":"plain","optional":true,"computed":true},"ssl_static_key_ciphers":{"type":"string","description_kind":"plain","optional":true,"computed":true},"sslvpn_cipher_hardware_acceleration":{"type":"string","description_kind":"plain","optional":true,"computed":true},"sslvpn_kxp_hardware_acceleration":{"type":"string","description_kind":"plain","optional":true,"computed":true},"sslvpn_max_worker_count":{"type":"number","description_kind":"plain","optional":true,"computed":true},"sslvpn_plugin_version_check":{"type":"string","description_kind":"plain","optional":true,"computed":true},"strict_dirty_session_check":{"type":"string","description_kind":"plain","optional":true,"computed":true},"strong_crypto":{"type":"string","description_kind":"plain","optional":true,"computed":true},"switch_controller":{"type":"string","description_kind":"plain","optional":true,"computed":true},"switch_controller_reserved_network":{"type":"string","description_kind":"plain","optional":true,"computed":true},"sys_perf_log_interval":{"type":"number","description_kind":"plain","optional":true,"computed":true},"tcp_halfclose_timer":{"type":"number","description_kind":"plain","optional":true,"computed":true},"tcp_halfopen_timer":{"type":"number","description_kind":"plain","optional":true,"computed":true},"tcp_option":{"type":"string","description_kind":"plain","optional":true,"computed":true},"tcp_timewait_timer":{"type":"number","description_kind":"plain","optional":true,"computed":true},"tftp":{"type":"string","description_kind":"plain","optional":true,"computed":true},"timezone":{"type":"string","description_kind":"plain","optional":true,"computed":true},"tp_mc_skip_policy":{"type":"string","description_kind":"plain","optional":true,"computed":true},"traffic_priority":{"type":"string","description_kind":"plain","optional":true,"computed":true},"traffic_priority_level":{"type":"string","description_kind":"plain","optional":true,"computed":true},"two_factor_email_expiry":{"type":"number","description_kind":"plain","optional":true,"computed":true},"two_factor_fac_expiry":{"type":"number","description_kind":"plain","optional":true,"computed":true},"two_factor_ftk_expiry":{"type":"number","description_kind":"plain","optional":true,"computed":true},"two_factor_ftm_expiry":{"type":"number","description_kind":"plain","optional":true,"computed":true},"two_factor_sms_expiry":{"type":"number","description_kind":"plain","optional":true,"computed":true},"udp_idle_timer":{"type":"number","description_kind":"plain","optional":true,"computed":true},"user_server_cert":{"type":"string","description_kind":"plain","optional":true,"computed":true},"vdom_admin":{"type":"string","description_kind":"plain","optional":true,"computed":true},"vip_arp_range":{"type":"string","description_kind":"plain","optional":true,"computed":true},"virtual_server_count":{"type":"number","description_kind":"plain","optional":true,"computed":true},"virtual_server_hardware_acceleration":{"type":"string","description_kind":"plain","optional":true,"computed":true},"wad_affinity":{"type":"string","description_kind":"plain","optional":true,"computed":true},"wad_csvc_cs_count":{"type":"number","description_kind":"plain","optional":true,"computed":true},"wad_csvc_db_count":{"type":"number","description_kind":"plain","optional":true,"computed":true},"wad_source_affinity":{"type":"string","description_kind":"plain","optional":true,"computed":true},"wad_worker_count":{"type":"number","description_kind":"plain","optional":true,"computed":true},"wifi_ca_certificate":{"type":"string","description_kind":"plain","optional":true,"computed":true},"wifi_certificate":{"type":"string","description_kind":"plain","optional":true,"computed":true},"wimax_4g_usb":{"type":"string","description_kind":"plain","optional":true,"computed":true},"wireless_controller":{"type":"string","description_kind":"plain","optional":true,"computed":true},"wireless_controller_port":{"type":"number","description_kind":"plain","optional":true,"computed":true}},"description_kind":"plain"}},"fortios_system_gretunnel":{"version":0,"block":{"attributes":{"checksum_reception":{"type":"string","description_kind":"plain","optional":true,"computed":true},"checksum_transmission":{"type":"string","description_kind":"plain","optional":true,"computed":true},"dscp_copying":{"type":"string","description_kind":"plain","optional":true,"computed":true},"id":{"type":"string","description_kind":"plain","optional":true,"computed":true},"interface":{"type":"string","description_kind":"plain","optional":true,"computed":true},"ip_version":{"type":"string","description_kind":"plain","optional":true,"computed":true},"keepalive_failtimes":{"type":"number","description_kind":"plain","optional":true,"computed":true},"keepalive_interval":{"type":"number","description_kind":"plain","optional":true,"computed":true},"key_inbound":{"type":"number","description_kind":"plain","optional":true,"computed":true},"key_outbound":{"type":"number","description_kind":"plain","optional":true,"computed":true},"local_gw":{"type":"string","description_kind":"plain","required":true},"local_gw6":{"type":"string","description_kind":"plain","optional":true,"computed":true},"name":{"type":"string","description_kind":"plain","optional":true,"computed":true},"remote_gw":{"type":"string","description_kind":"plain","required":true},"remote_gw6":{"type":"string","description_kind":"plain","optional":true,"computed":true},"sequence_number_reception":{"type":"string","description_kind":"plain","optional":true,"computed":true},"sequence_number_transmission":{"type":"string","description_kind":"plain","optional":true,"computed":true}},"description_kind":"plain"}},"fortios_system_ha":{"version":0,"block":{"attributes":{"arps":{"type":"number","description_kind":"plain","optional":true,"computed":true},"arps_interval":{"type":"number","description_kind":"plain","optional":true,"computed":true},"authentication":{"type":"string","description_kind":"plain","optional":true,"computed":true},"cpu_threshold":{"type":"string","description_kind":"plain","optional":true,"computed":true},"encryption":{"type":"string","description_kind":"plain","optional":true,"computed":true},"ftp_proxy_threshold":{"type":"string","description_kind":"plain","optional":true,"computed":true},"gratuitous_arps":{"type":"string","description_kind":"plain","optional":true,"computed":true},"group_id":{"type":"number","description_kind":"plain","optional":true,"computed":true},"group_name":{"type":"string","description_kind":"plain","optional":true,"computed":true},"ha_direct":{"type":"string","description_kind":"plain","optional":true,"computed":true},"ha_eth_type":{"type":"string","description_kind":"plain","optional":true,"computed":true},"ha_mgmt_status":{"type":"string","description_kind":"plain","optional":true,"computed":true},"ha_uptime_diff_margin":{"type":"number","description_kind":"plain","optional":true,"computed":true},"hb_interval":{"type":"number","description_kind":"plain","optional":true,"computed":true},"hb_lost_threshold":{"type":"number","description_kind":"plain","optional":true,"computed":true},"hbdev":{"type":"string","description_kind":"plain","optional":true,"computed":true},"hc_eth_type":{"type":"string","description_kind":"plain","optional":true,"computed":true},"hello_holddown":{"type":"number","description_kind":"plain","optional":true,"computed":true},"http_proxy_threshold":{"type":"string","description_kind":"plain","optional":true,"computed":true},"id":{"type":"string","description_kind":"plain","optional":true,"computed":true},"imap_proxy_threshold":{"type":"string","description_kind":"plain","optional":true,"computed":true},"inter_cluster_session_sync":{"type":"string","description_kind":"plain","optional":true,"computed":true},"key":{"type":"string","description_kind":"plain","optional":true},"l2ep_eth_type":{"type":"string","description_kind":"plain","optional":true,"computed":true},"link_failed_signal":{"type":"string","description_kind":"plain","optional":true,"computed":true},"load_balance_all":{"type":"string","description_kind":"plain","optional":true,"computed":true},"memory_compatible_mode":{"type":"string","description_kind":"plain","optional":true,"computed":true},"memory_threshold":{"type":"string","description_kind":"plain","optional":true,"computed":true},"mode":{"type":"string","description_kind":"plain","optional":true,"computed":true},"monitor":{"type":"string","description_kind":"plain","optional":true,"computed":true},"multicast_ttl":{"type":"number","description_kind":"plain","optional":true,"computed":true},"nntp_proxy_threshold":{"type":"string","description_kind":"plain","optional":true,"computed":true},"override":{"type":"string","description_kind":"plain","optional":true,"computed":true},"override_wait_time":{"type":"number","description_kind":"plain","optional":true,"computed":true},"password":{"type":"string","description_kind":"plain","optional":true},"pingserver_failover_threshold":{"type":"number","description_kind":"plain","optional":true,"computed":true},"pingserver_flip_timeout":{"type":"number","description_kind":"plain","optional":true,"computed":true},"pingserver_monitor_interface":{"type":"string","description_kind":"plain","optional":true,"computed":true},"pingserver_slave_force_reset":{"type":"string","description_kind":"plain","optional":true,"computed":true},"pop3_proxy_threshold":{"type":"string","description_kind":"plain","optional":true,"computed":true},"priority":{"type":"number","description_kind":"plain","optional":true,"computed":true},"route_hold":{"type":"number","description_kind":"plain","optional":true,"computed":true},"route_ttl":{"type":"number","description_kind":"plain","optional":true,"computed":true},"route_wait":{"type":"number","description_kind":"plain","optional":true,"computed":true},"schedule":{"type":"string","description_kind":"plain","optional":true,"computed":true},"session_pickup":{"type":"string","description_kind":"plain","optional":true,"computed":true},"session_pickup_connectionless":{"type":"string","description_kind":"plain","optional":true,"computed":true},"session_pickup_delay":{"type":"string","description_kind":"plain","optional":true,"computed":true},"session_pickup_expectation":{"type":"string","description_kind":"plain","optional":true,"computed":true},"session_pickup_nat":{"type":"string","description_kind":"plain","optional":true,"computed":true},"session_sync_dev":{"type":"string","description_kind":"plain","optional":true,"computed":true},"smtp_proxy_threshold":{"type":"string","description_kind":"plain","optional":true,"computed":true},"standalone_config_sync":{"type":"string","description_kind":"plain","optional":true,"computed":true},"standalone_mgmt_vdom":{"type":"string","description_kind":"plain","optional":true,"computed":true},"sync_config":{"type":"string","description_kind":"plain","optional":true,"computed":true},"sync_packet_balance":{"type":"string","description_kind":"plain","optional":true,"computed":true},"unicast_hb":{"type":"string","description_kind":"plain","optional":true,"computed":true},"unicast_hb_netmask":{"type":"string","description_kind":"plain","optional":true,"computed":true},"unicast_hb_peerip":{"type":"string","description_kind":"plain","optional":true,"computed":true},"uninterruptible_upgrade":{"type":"string","description_kind":"plain","optional":true,"computed":true},"vcluster2":{"type":"string","description_kind":"plain","optional":true,"computed":true},"vcluster_id":{"type":"number","description_kind":"plain","optional":true,"computed":true},"vdom":{"type":"string","description_kind":"plain","optional":true,"computed":true},"weight":{"type":"string","description_kind":"plain","optional":true,"computed":true}},"block_types":{"ha_mgmt_interfaces":{"nesting_mode":"list","block":{"attributes":{"dst":{"type":"string","description_kind":"plain","optional":true,"computed":true},"gateway":{"type":"string","description_kind":"plain","optional":true,"computed":true},"gateway6":{"type":"string","description_kind":"plain","optional":true,"computed":true},"id":{"type":"number","description_kind":"plain","optional":true,"computed":true},"interface":{"type":"string","description_kind":"plain","optional":true,"computed":true}},"description_kind":"plain"}},"secondary_vcluster":{"nesting_mode":"list","block":{"attributes":{"monitor":{"type":"string","description_kind":"plain","optional":true,"computed":true},"override":{"type":"string","description_kind":"plain","optional":true,"computed":true},"override_wait_time":{"type":"number","description_kind":"plain","optional":true,"computed":true},"pingserver_failover_threshold":{"type":"number","description_kind":"plain","optional":true,"computed":true},"pingserver_monitor_interface":{"type":"string","description_kind":"plain","optional":true,"computed":true},"pingserver_slave_force_reset":{"type":"string","description_kind":"plain","optional":true,"computed":true},"priority":{"type":"number","description_kind":"plain","optional":true,"computed":true},"vcluster_id":{"type":"number","description_kind":"plain","optional":true,"computed":true},"vdom":{"type":"string","description_kind":"plain","optional":true,"computed":true}},"description_kind":"plain"},"max_items":1}},"description_kind":"plain"}},"fortios_system_hamonitor":{"version":0,"block":{"attributes":{"id":{"type":"string","description_kind":"plain","optional":true,"computed":true},"monitor_vlan":{"type":"string","description_kind":"plain","optional":true,"computed":true},"vlan_hb_interval":{"type":"number","description_kind":"plain","optional":true,"computed":true},"vlan_hb_lost_threshold":{"type":"number","description_kind":"plain","optional":true,"computed":true}},"description_kind":"plain"}},"fortios_system_interface":{"version":0,"block":{"attributes":{"ac_name":{"type":"string","description_kind":"plain","optional":true,"computed":true},"aggregate":{"type":"string","description_kind":"plain","optional":true,"computed":true},"algorithm":{"type":"string","description_kind":"plain","optional":true,"computed":true},"alias":{"type":"string","description_kind":"plain","optional":true,"computed":true},"allowaccess":{"type":"string","description_kind":"plain","optional":true,"computed":true},"ap_discover":{"type":"string","description_kind":"plain","optional":true,"computed":true},"arpforward":{"type":"string","description_kind":"plain","optional":true,"computed":true},"auth_type":{"type":"string","description_kind":"plain","optional":true,"computed":true},"auto_auth_extension_device":{"type":"string","description_kind":"plain","optional":true,"computed":true},"bfd":{"type":"string","description_kind":"plain","optional":true,"computed":true},"bfd_desired_min_tx":{"type":"number","description_kind":"plain","optional":true,"computed":true},"bfd_detect_mult":{"type":"number","description_kind":"plain","optional":true,"computed":true},"bfd_required_min_rx":{"type":"number","description_kind":"plain","optional":true,"computed":true},"broadcast_forticlient_discovery":{"type":"string","description_kind":"plain","optional":true,"computed":true},"broadcast_forward":{"type":"string","description_kind":"plain","optional":true,"computed":true},"captive_portal":{"type":"number","description_kind":"plain","optional":true,"computed":true},"cli_conn_status":{"type":"number","description_kind":"plain","optional":true,"computed":true},"color":{"type":"number","description_kind":"plain","optional":true,"computed":true},"dedicated_to":{"type":"string","description_kind":"plain","optional":true,"computed":true},"defaultgw":{"type":"string","description_kind":"plain","optional":true,"computed":true},"description":{"type":"string","description_kind":"plain","optional":true},"detected_peer_mtu":{"type":"number","description_kind":"plain","optional":true,"computed":true},"detectprotocol":{"type":"string","description_kind":"plain","optional":true,"computed":true},"detectserver":{"type":"string","description_kind":"plain","optional":true,"computed":true},"device_access_list":{"type":"string","description_kind":"plain","optional":true,"computed":true},"device_identification":{"type":"string","description_kind":"plain","optional":true,"computed":true},"device_identification_active_scan":{"type":"string","description_kind":"plain","optional":true,"computed":true},"device_netscan":{"type":"string","description_kind":"plain","optional":true,"computed":true},"device_user_identification":{"type":"string","description_kind":"plain","optional":true,"computed":true},"devindex":{"type":"number","description_kind":"plain","optional":true,"computed":true},"dhcp_client_identifier":{"type":"string","description_kind":"plain","optional":true,"computed":true},"dhcp_relay_agent_option":{"type":"string","description_kind":"plain","optional":true,"computed":true},"dhcp_relay_ip":{"type":"string","description_kind":"plain","optional":true,"computed":true},"dhcp_relay_service":{"type":"string","description_kind":"plain","optional":true,"computed":true},"dhcp_relay_type":{"type":"string","description_kind":"plain","optional":true,"computed":true},"dhcp_renew_time":{"type":"number","description_kind":"plain","optional":true,"computed":true},"disc_retry_timeout":{"type":"number","description_kind":"plain","optional":true,"computed":true},"disconnect_threshold":{"type":"number","description_kind":"plain","optional":true,"computed":true},"distance":{"type":"number","description_kind":"plain","optional":true,"computed":true},"dns_server_override":{"type":"string","description_kind":"plain","optional":true,"computed":true},"drop_fragment":{"type":"string","description_kind":"plain","optional":true,"computed":true},"drop_overlapped_fragment":{"type":"string","description_kind":"plain","optional":true,"computed":true},"egress_shaping_profile":{"type":"string","description_kind":"plain","optional":true,"computed":true},"endpoint_compliance":{"type":"string","description_kind":"plain","optional":true,"computed":true},"estimated_downstream_bandwidth":{"type":"number","description_kind":"plain","optional":true,"computed":true},"estimated_upstream_bandwidth":{"type":"number","description_kind":"plain","optional":true,"computed":true},"explicit_ftp_proxy":{"type":"string","description_kind":"plain","optional":true,"computed":true},"explicit_web_proxy":{"type":"string","description_kind":"plain","optional":true,"computed":true},"external":{"type":"string","description_kind":"plain","optional":true,"computed":true},"fail_action_on_extender":{"type":"string","description_kind":"plain","optional":true,"computed":true},"fail_alert_method":{"type":"string","description_kind":"plain","optional":true,"computed":true},"fail_detect":{"type":"string","description_kind":"plain","optional":true,"computed":true},"fail_detect_option":{"type":"string","description_kind":"plain","optional":true,"computed":true},"fortiheartbeat":{"type":"string","description_kind":"plain","optional":true,"computed":true},"fortilink":{"type":"string","description_kind":"plain","optional":true,"computed":true},"fortilink_backup_link":{"type":"number","description_kind":"plain","optional":true,"computed":true},"fortilink_split_interface":{"type":"string","description_kind":"plain","optional":true,"computed":true},"fortilink_stacking":{"type":"string","description_kind":"plain","optional":true,"computed":true},"forward_domain":{"type":"number","description_kind":"plain","optional":true,"computed":true},"gwdetect":{"type":"string","description_kind":"plain","optional":true,"computed":true},"ha_priority":{"type":"number","description_kind":"plain","optional":true,"computed":true},"icmp_accept_redirect":{"type":"string","description_kind":"plain","optional":true,"computed":true},"icmp_send_redirect":{"type":"string","description_kind":"plain","optional":true,"computed":true},"id":{"type":"string","description_kind":"plain","optional":true,"computed":true},"ident_accept":{"type":"string","description_kind":"plain","optional":true,"computed":true},"idle_timeout":{"type":"number","description_kind":"plain","optional":true,"computed":true},"inbandwidth":{"type":"number","description_kind":"plain","optional":true,"computed":true},"ingress_spillover_threshold":{"type":"number","description_kind":"plain","optional":true,"computed":true},"interface":{"type":"string","description_kind":"plain","optional":true,"computed":true},"internal":{"type":"number","description_kind":"plain","optional":true,"computed":true},"ip":{"type":"string","description_kind":"plain","optional":true,"computed":true},"ipmac":{"type":"string","description_kind":"plain","optional":true,"computed":true},"ips_sniffer_mode":{"type":"string","description_kind":"plain","optional":true,"computed":true},"ipunnumbered":{"type":"string","description_kind":"plain","optional":true,"computed":true},"l2forward":{"type":"string","description_kind":"plain","optional":true,"computed":true},"lacp_ha_slave":{"type":"string","description_kind":"plain","optional":true,"computed":true},"lacp_mode":{"type":"string","description_kind":"plain","optional":true,"computed":true},"lacp_speed":{"type":"string","description_kind":"plain","optional":true,"computed":true},"lcp_echo_interval":{"type":"number","description_kind":"plain","optional":true,"computed":true},"lcp_max_echo_fails":{"type":"number","description_kind":"plain","optional":true,"computed":true},"link_up_delay":{"type":"number","description_kind":"plain","optional":true,"computed":true},"lldp_network_policy":{"type":"string","description_kind":"plain","optional":true,"computed":true},"lldp_reception":{"type":"string","description_kind":"plain","optional":true,"computed":true},"lldp_transmission":{"type":"string","description_kind":"plain","optional":true,"computed":true},"macaddr":{"type":"string","description_kind":"plain","optional":true,"computed":true},"management_ip":{"type":"string","description_kind":"plain","optional":true,"computed":true},"min_links":{"type":"number","description_kind":"plain","optional":true,"computed":true},"min_links_down":{"type":"string","description_kind":"plain","optional":true,"computed":true},"mode":{"type":"string","description_kind":"plain","optional":true,"computed":true},"mtu":{"type":"number","description_kind":"plain","optional":true,"computed":true},"mtu_override":{"type":"string","description_kind":"plain","optional":true,"computed":true},"name":{"type":"string","description_kind":"plain","optional":true,"computed":true},"ndiscforward":{"type":"string","description_kind":"plain","optional":true,"computed":true},"netbios_forward":{"type":"string","description_kind":"plain","optional":true,"computed":true},"netflow_sampler":{"type":"string","description_kind":"plain","optional":true,"computed":true},"outbandwidth":{"type":"number","description_kind":"plain","optional":true,"computed":true},"padt_retry_timeout":{"type":"number","description_kind":"plain","optional":true,"computed":true},"password":{"type":"string","description_kind":"plain","optional":true},"ping_serv_status":{"type":"number","description_kind":"plain","optional":true,"computed":true},"polling_interval":{"type":"number","description_kind":"plain","optional":true,"computed":true},"pppoe_unnumbered_negotiate":{"type":"string","description_kind":"plain","optional":true,"computed":true},"pptp_auth_type":{"type":"string","description_kind":"plain","optional":true,"computed":true},"pptp_client":{"type":"string","description_kind":"plain","optional":true,"computed":true},"pptp_password":{"type":"string","description_kind":"plain","optional":true},"pptp_server_ip":{"type":"string","description_kind":"plain","optional":true,"computed":true},"pptp_timeout":{"type":"number","description_kind":"plain","optional":true,"computed":true},"pptp_user":{"type":"string","description_kind":"plain","optional":true,"computed":true},"preserve_session_route":{"type":"string","description_kind":"plain","optional":true,"computed":true},"priority":{"type":"number","description_kind":"plain","optional":true,"computed":true},"priority_override":{"type":"string","description_kind":"plain","optional":true,"computed":true},"proxy_captive_portal":{"type":"string","description_kind":"plain","optional":true,"computed":true},"redundant_interface":{"type":"string","description_kind":"plain","optional":true,"computed":true},"remote_ip":{"type":"string","description_kind":"plain","optional":true,"computed":true},"replacemsg_override_group":{"type":"string","description_kind":"plain","optional":true,"computed":true},"role":{"type":"string","description_kind":"plain","optional":true,"computed":true},"sample_direction":{"type":"string","description_kind":"plain","optional":true,"computed":true},"sample_rate":{"type":"number","description_kind":"plain","optional":true,"computed":true},"scan_botnet_connections":{"type":"string","description_kind":"plain","optional":true,"computed":true},"secondary_ip":{"type":"string","description_kind":"plain","optional":true,"computed":true},"security_exempt_list":{"type":"string","description_kind":"plain","optional":true,"computed":true},"security_external_logout":{"type":"string","description_kind":"plain","optional":true,"computed":true},"security_external_web":{"type":"string","description_kind":"plain","optional":true,"computed":true},"security_mac_auth_bypass":{"type":"string","description_kind":"plain","optional":true,"computed":true},"security_mode":{"type":"string","description_kind":"plain","optional":true,"computed":true},"security_redirect_url":{"type":"string","description_kind":"plain","optional":true,"computed":true},"service_name":{"type":"string","description_kind":"plain","optional":true,"computed":true},"sflow_sampler":{"type":"string","description_kind":"plain","optional":true,"computed":true},"snmp_index":{"type":"number","description_kind":"plain","optional":true,"computed":true},"speed":{"type":"string","description_kind":"plain","optional":true,"computed":true},"spillover_threshold":{"type":"number","description_kind":"plain","optional":true,"computed":true},"src_check":{"type":"string","description_kind":"plain","optional":true,"computed":true},"status":{"type":"string","description_kind":"plain","optional":true,"computed":true},"stpforward":{"type":"string","description_kind":"plain","optional":true,"computed":true},"stpforward_mode":{"type":"string","description_kind":"plain","optional":true,"computed":true},"subst":{"type":"string","description_kind":"plain","optional":true,"computed":true},"substitute_dst_mac":{"type":"string","description_kind":"plain","optional":true,"computed":true},"switch":{"type":"string","description_kind":"plain","optional":true,"computed":true},"switch_controller_access_vlan":{"type":"string","description_kind":"plain","optional":true,"computed":true},"switch_controller_arp_inspection":{"type":"string","description_kind":"plain","optional":true,"computed":true},"switch_controller_dhcp_snooping":{"type":"string","description_kind":"plain","optional":true,"computed":true},"switch_controller_dhcp_snooping_option82":{"type":"string","description_kind":"plain","optional":true,"computed":true},"switch_controller_dhcp_snooping_verify_mac":{"type":"string","description_kind":"plain","optional":true,"computed":true},"switch_controller_igmp_snooping":{"type":"string","description_kind":"plain","optional":true,"computed":true},"switch_controller_learning_limit":{"type":"number","description_kind":"plain","optional":true,"computed":true},"switch_controller_traffic_policy":{"type":"string","description_kind":"plain","optional":true,"computed":true},"tcp_mss":{"type":"number","description_kind":"plain","optional":true,"computed":true},"trust_ip6_1":{"type":"string","description_kind":"plain","optional":true,"computed":true},"trust_ip6_2":{"type":"string","description_kind":"plain","optional":true,"computed":true},"trust_ip6_3":{"type":"string","description_kind":"plain","optional":true,"computed":true},"trust_ip_1":{"type":"string","description_kind":"plain","optional":true,"computed":true},"trust_ip_2":{"type":"string","description_kind":"plain","optional":true,"computed":true},"trust_ip_3":{"type":"string","description_kind":"plain","optional":true,"computed":true},"type":{"type":"string","description_kind":"plain","optional":true,"computed":true},"username":{"type":"string","description_kind":"plain","optional":true,"computed":true},"vdom":{"type":"string","description_kind":"plain","required":true},"vindex":{"type":"number","description_kind":"plain","optional":true,"computed":true},"vlanforward":{"type":"string","description_kind":"plain","optional":true,"computed":true},"vlanid":{"type":"number","description_kind":"plain","optional":true,"computed":true},"vrf":{"type":"number","description_kind":"plain","optional":true,"computed":true},"vrrp_virtual_mac":{"type":"string","description_kind":"plain","optional":true,"computed":true},"wccp":{"type":"string","description_kind":"plain","optional":true,"computed":true},"weight":{"type":"number","description_kind":"plain","optional":true,"computed":true},"wins_ip":{"type":"string","description_kind":"plain","optional":true,"computed":true}},"block_types":{"fail_alert_interfaces":{"nesting_mode":"list","block":{"attributes":{"name":{"type":"string","description_kind":"plain","optional":true,"computed":true}},"description_kind":"plain"}},"ipv6":{"nesting_mode":"list","block":{"attributes":{"autoconf":{"type":"string","description_kind":"plain","optional":true,"computed":true},"dhcp6_client_options":{"type":"string","description_kind":"plain","optional":true,"computed":true},"dhcp6_information_request":{"type":"string","description_kind":"plain","optional":true,"computed":true},"dhcp6_prefix_delegation":{"type":"string","description_kind":"plain","optional":true,"computed":true},"dhcp6_prefix_hint":{"type":"string","description_kind":"plain","optional":true,"computed":true},"dhcp6_prefix_hint_plt":{"type":"number","description_kind":"plain","optional":true,"computed":true},"dhcp6_prefix_hint_vlt":{"type":"number","description_kind":"plain","optional":true,"computed":true},"dhcp6_relay_ip":{"type":"string","description_kind":"plain","optional":true,"computed":true},"dhcp6_relay_service":{"type":"string","description_kind":"plain","optional":true,"computed":true},"dhcp6_relay_type":{"type":"string","description_kind":"plain","optional":true,"computed":true},"ip6_address":{"type":"string","description_kind":"plain","optional":true,"computed":true},"ip6_allowaccess":{"type":"string","description_kind":"plain","optional":true,"computed":true},"ip6_default_life":{"type":"number","description_kind":"plain","optional":true,"computed":true},"ip6_dns_server_override":{"type":"string","description_kind":"plain","optional":true,"computed":true},"ip6_hop_limit":{"type":"number","description_kind":"plain","optional":true,"computed":true},"ip6_link_mtu":{"type":"number","description_kind":"plain","optional":true,"computed":true},"ip6_manage_flag":{"type":"string","description_kind":"plain","optional":true,"computed":true},"ip6_max_interval":{"type":"number","description_kind":"plain","optional":true,"computed":true},"ip6_min_interval":{"type":"number","description_kind":"plain","optional":true,"computed":true},"ip6_mode":{"type":"string","description_kind":"plain","optional":true,"computed":true},"ip6_other_flag":{"type":"string","description_kind":"plain","optional":true,"computed":true},"ip6_reachable_time":{"type":"number","description_kind":"plain","optional":true,"computed":true},"ip6_retrans_time":{"type":"number","description_kind":"plain","optional":true,"computed":true},"ip6_send_adv":{"type":"string","description_kind":"plain","optional":true,"computed":true},"ip6_subnet":{"type":"string","description_kind":"plain","optional":true,"computed":true},"ip6_upstream_interface":{"type":"string","description_kind":"plain","optional":true,"computed":true},"nd_cert":{"type":"string","description_kind":"plain","optional":true,"computed":true},"nd_cga_modifier":{"type":"string","description_kind":"plain","optional":true,"computed":true},"nd_mode":{"type":"string","description_kind":"plain","optional":true,"computed":true},"nd_security_level":{"type":"number","description_kind":"plain","optional":true,"computed":true},"nd_timestamp_delta":{"type":"number","description_kind":"plain","optional":true,"computed":true},"nd_timestamp_fuzz":{"type":"number","description_kind":"plain","optional":true,"computed":true},"vrip6_link_local":{"type":"string","description_kind":"plain","optional":true,"computed":true},"vrrp_virtual_mac6":{"type":"string","description_kind":"plain","optional":true,"computed":true}},"block_types":{"ip6_delegated_prefix_list":{"nesting_mode":"list","block":{"attributes":{"autonomous_flag":{"type":"string","description_kind":"plain","optional":true,"computed":true},"onlink_flag":{"type":"string","description_kind":"plain","optional":true,"computed":true},"prefix_id":{"type":"number","description_kind":"plain","optional":true,"computed":true},"rdnss":{"type":"string","description_kind":"plain","optional":true,"computed":true},"rdnss_service":{"type":"string","description_kind":"plain","optional":true,"computed":true},"subnet":{"type":"string","description_kind":"plain","optional":true,"computed":true},"upstream_interface":{"type":"string","description_kind":"plain","optional":true,"computed":true}},"description_kind":"plain"}},"ip6_extra_addr":{"nesting_mode":"list","block":{"attributes":{"prefix":{"type":"string","description_kind":"plain","optional":true,"computed":true}},"description_kind":"plain"}},"ip6_prefix_list":{"nesting_mode":"list","block":{"attributes":{"autonomous_flag":{"type":"string","description_kind":"plain","optional":true,"computed":true},"onlink_flag":{"type":"string","description_kind":"plain","optional":true,"computed":true},"preferred_life_time":{"type":"number","description_kind":"plain","optional":true,"computed":true},"prefix":{"type":"string","description_kind":"plain","optional":true,"computed":true},"rdnss":{"type":"string","description_kind":"plain","optional":true,"computed":true},"valid_life_time":{"type":"number","description_kind":"plain","optional":true,"computed":true}},"block_types":{"dnssl":{"nesting_mode":"list","block":{"attributes":{"domain":{"type":"string","description_kind":"plain","optional":true,"computed":true}},"description_kind":"plain"}}},"description_kind":"plain"}},"vrrp6":{"nesting_mode":"list","block":{"attributes":{"accept_mode":{"type":"string","description_kind":"plain","optional":true,"computed":true},"adv_interval":{"type":"number","description_kind":"plain","optional":true,"computed":true},"preempt":{"type":"string","description_kind":"plain","optional":true,"computed":true},"priority":{"type":"number","description_kind":"plain","optional":true,"computed":true},"start_time":{"type":"number","description_kind":"plain","optional":true,"computed":true},"status":{"type":"string","description_kind":"plain","optional":true,"computed":true},"vrdst6":{"type":"string","description_kind":"plain","optional":true,"computed":true},"vrgrp":{"type":"number","description_kind":"plain","optional":true,"computed":true},"vrid":{"type":"number","description_kind":"plain","optional":true,"computed":true},"vrip6":{"type":"string","description_kind":"plain","optional":true,"computed":true}},"description_kind":"plain"}}},"description_kind":"plain"},"max_items":1},"managed_device":{"nesting_mode":"list","block":{"attributes":{"name":{"type":"string","description_kind":"plain","optional":true,"computed":true}},"description_kind":"plain"}},"member":{"nesting_mode":"list","block":{"attributes":{"interface_name":{"type":"string","description_kind":"plain","optional":true,"computed":true}},"description_kind":"plain"}},"secondaryip":{"nesting_mode":"list","block":{"attributes":{"allowaccess":{"type":"string","description_kind":"plain","optional":true,"computed":true},"detectprotocol":{"type":"string","description_kind":"plain","optional":true,"computed":true},"detectserver":{"type":"string","description_kind":"plain","optional":true,"computed":true},"gwdetect":{"type":"string","description_kind":"plain","optional":true,"computed":true},"ha_priority":{"type":"number","description_kind":"plain","optional":true,"computed":true},"id":{"type":"number","description_kind":"plain","optional":true,"computed":true},"ip":{"type":"string","description_kind":"plain","optional":true,"computed":true},"ping_serv_status":{"type":"number","description_kind":"plain","optional":true,"computed":true}},"description_kind":"plain"}},"security_groups":{"nesting_mode":"list","block":{"attributes":{"name":{"type":"string","description_kind":"plain","optional":true,"computed":true}},"description_kind":"plain"}},"tagging":{"nesting_mode":"list","block":{"attributes":{"category":{"type":"string","description_kind":"plain","optional":true,"computed":true},"name":{"type":"string","description_kind":"plain","optional":true,"computed":true}},"block_types":{"tags":{"nesting_mode":"list","block":{"attributes":{"name":{"type":"string","description_kind":"plain","optional":true,"computed":true}},"description_kind":"plain"}}},"description_kind":"plain"}},"vrrp":{"nesting_mode":"list","block":{"attributes":{"accept_mode":{"type":"string","description_kind":"plain","optional":true,"computed":true},"adv_interval":{"type":"number","description_kind":"plain","optional":true,"computed":true},"preempt":{"type":"string","description_kind":"plain","optional":true,"computed":true},"priority":{"type":"number","description_kind":"plain","optional":true,"computed":true},"start_time":{"type":"number","description_kind":"plain","optional":true,"computed":true},"status":{"type":"string","description_kind":"plain","optional":true,"computed":true},"version":{"type":"string","description_kind":"plain","optional":true,"computed":true},"vrdst":{"type":"string","description_kind":"plain","optional":true,"computed":true},"vrdst_priority":{"type":"number","description_kind":"plain","optional":true,"computed":true},"vrgrp":{"type":"number","description_kind":"plain","optional":true,"computed":true},"vrid":{"type":"number","description_kind":"plain","optional":true,"computed":true},"vrip":{"type":"string","description_kind":"plain","optional":true,"computed":true}},"block_types":{"proxy_arp":{"nesting_mode":"list","block":{"attributes":{"id":{"type":"number","description_kind":"plain","optional":true,"computed":true},"ip":{"type":"string","description_kind":"plain","optional":true,"computed":true}},"description_kind":"plain"}}},"description_kind":"plain"}}},"description_kind":"plain"}},"fortios_system_ipiptunnel":{"version":0,"block":{"attributes":{"id":{"type":"string","description_kind":"plain","optional":true,"computed":true},"interface":{"type":"string","description_kind":"plain","required":true},"local_gw":{"type":"string","description_kind":"plain","required":true},"name":{"type":"string","description_kind":"plain","optional":true,"computed":true},"remote_gw":{"type":"string","description_kind":"plain","required":true}},"description_kind":"plain"}},"fortios_system_ipsecaggregate":{"version":0,"block":{"attributes":{"algorithm":{"type":"string","description_kind":"plain","optional":true,"computed":true},"id":{"type":"string","description_kind":"plain","optional":true,"computed":true},"name":{"type":"string","description_kind":"plain","optional":true,"computed":true}},"block_types":{"member":{"nesting_mode":"list","block":{"attributes":{"tunnel_name":{"type":"string","description_kind":"plain","optional":true,"computed":true}},"description_kind":"plain"},"min_items":1}},"description_kind":"plain"}},"fortios_system_ipv6neighborcache":{"version":0,"block":{"attributes":{"fosid":{"type":"number","description_kind":"plain","required":true},"id":{"type":"string","description_kind":"plain","optional":true,"computed":true},"interface":{"type":"string","description_kind":"plain","required":true},"ipv6":{"type":"string","description_kind":"plain","required":true},"mac":{"type":"string","description_kind":"plain","required":true}},"description_kind":"plain"}},"fortios_system_ipv6tunnel":{"version":0,"block":{"attributes":{"destination":{"type":"string","description_kind":"plain","required":true},"id":{"type":"string","description_kind":"plain","optional":true,"computed":true},"interface":{"type":"string","description_kind":"plain","optional":true,"computed":true},"name":{"type":"string","description_kind":"plain","optional":true,"computed":true},"source":{"type":"string","description_kind":"plain","optional":true,"computed":true}},"description_kind":"plain"}},"fortios_system_license_forticare":{"version":0,"block":{"attributes":{"id":{"type":"string","description_kind":"plain","optional":true,"computed":true},"registration_code":{"type":"string","description_kind":"plain","required":true}},"description_kind":"plain"}},"fortios_system_license_vdom":{"version":0,"block":{"attributes":{"id":{"type":"string","description_kind":"plain","optional":true,"computed":true},"license":{"type":"string","description_kind":"plain","required":true}},"description_kind":"plain"}},"fortios_system_license_vm":{"version":0,"block":{"attributes":{"file_content":{"type":"string","description_kind":"plain","required":true},"id":{"type":"string","description_kind":"plain","optional":true,"computed":true}},"description_kind":"plain"}},"fortios_system_linkmonitor":{"version":0,"block":{"attributes":{"addr_mode":{"type":"string","description_kind":"plain","optional":true,"computed":true},"failtime":{"type":"number","description_kind":"plain","optional":true,"computed":true},"gateway_ip":{"type":"string","description_kind":"plain","optional":true,"computed":true},"gateway_ip6":{"type":"string","description_kind":"plain","optional":true,"computed":true},"ha_priority":{"type":"number","description_kind":"plain","optional":true,"computed":true},"http_agent":{"type":"string","description_kind":"plain","optional":true,"computed":true},"http_get":{"type":"string","description_kind":"plain","optional":true,"computed":true},"http_match":{"type":"string","description_kind":"plain","optional":true,"computed":true},"id":{"type":"string","description_kind":"plain","optional":true,"computed":true},"interval":{"type":"number","description_kind":"plain","optional":true,"computed":true},"name":{"type":"string","description_kind":"plain","optional":true,"computed":true},"packet_size":{"type":"number","description_kind":"plain","optional":true,"computed":true},"password":{"type":"string","description_kind":"plain","optional":true},"port":{"type":"number","description_kind":"plain","optional":true,"computed":true},"protocol":{"type":"string","description_kind":"plain","optional":true,"computed":true},"recoverytime":{"type":"number","description_kind":"plain","optional":true,"computed":true},"security_mode":{"type":"string","description_kind":"plain","optional":true,"computed":true},"source_ip":{"type":"string","description_kind":"plain","optional":true,"computed":true},"source_ip6":{"type":"string","description_kind":"plain","optional":true,"computed":true},"srcintf":{"type":"string","description_kind":"plain","optional":true,"computed":true},"status":{"type":"string","description_kind":"plain","optional":true,"computed":true},"update_cascade_interface":{"type":"string","description_kind":"plain","optional":true,"computed":true},"update_static_route":{"type":"string","description_kind":"plain","optional":true,"computed":true}},"block_types":{"server":{"nesting_mode":"list","block":{"attributes":{"address":{"type":"string","description_kind":"plain","optional":true,"computed":true}},"description_kind":"plain"},"min_items":1}},"description_kind":"plain"}},"fortios_system_macaddresstable":{"version":0,"block":{"attributes":{"id":{"type":"string","description_kind":"plain","optional":true,"computed":true},"interface":{"type":"string","description_kind":"plain","required":true},"mac":{"type":"string","description_kind":"plain","required":true},"reply_substitute":{"type":"string","description_kind":"plain","optional":true,"computed":true}},"description_kind":"plain"}},"fortios_system_managementtunnel":{"version":0,"block":{"attributes":{"allow_collect_statistics":{"type":"string","description_kind":"plain","optional":true,"computed":true},"allow_config_restore":{"type":"string","description_kind":"plain","optional":true,"computed":true},"allow_push_configuration":{"type":"string","description_kind":"plain","optional":true,"computed":true},"allow_push_firmware":{"type":"string","description_kind":"plain","optional":true,"computed":true},"authorized_manager_only":{"type":"string","description_kind":"plain","optional":true,"computed":true},"id":{"type":"string","description_kind":"plain","optional":true,"computed":true},"serial_number":{"type":"string","description_kind":"plain","optional":true,"computed":true},"status":{"type":"string","description_kind":"plain","optional":true,"computed":true}},"description_kind":"plain"}},"fortios_system_mobiletunnel":{"version":0,"block":{"attributes":{"hash_algorithm":{"type":"string","description_kind":"plain","required":true},"home_address":{"type":"string","description_kind":"plain","optional":true,"computed":true},"home_agent":{"type":"string","description_kind":"plain","required":true},"id":{"type":"string","description_kind":"plain","optional":true,"computed":true},"lifetime":{"type":"number","description_kind":"plain","required":true},"n_mhae_key":{"type":"string","description_kind":"plain","optional":true,"computed":true},"n_mhae_key_type":{"type":"string","description_kind":"plain","required":true},"n_mhae_spi":{"type":"number","description_kind":"plain","required":true},"name":{"type":"string","description_kind":"plain","optional":true,"computed":true},"reg_interval":{"type":"number","description_kind":"plain","required":true},"reg_retry":{"type":"number","description_kind":"plain","required":true},"renew_interval":{"type":"number","description_kind":"plain","required":true},"roaming_interface":{"type":"string","description_kind":"plain","required":true},"status":{"type":"string","description_kind":"plain","optional":true,"computed":true},"tunnel_mode":{"type":"string","description_kind":"plain","required":true}},"block_types":{"network":{"nesting_mode":"list","block":{"attributes":{"id":{"type":"number","description_kind":"plain","optional":true,"computed":true},"interface":{"type":"string","description_kind":"plain","optional":true,"computed":true},"prefix":{"type":"string","description_kind":"plain","optional":true,"computed":true}},"description_kind":"plain"}}},"description_kind":"plain"}},"fortios_system_nat64":{"version":0,"block":{"attributes":{"always_synthesize_aaaa_record":{"type":"string","description_kind":"plain","optional":true,"computed":true},"generate_ipv6_fragment_header":{"type":"string","description_kind":"plain","optional":true,"computed":true},"id":{"type":"string","description_kind":"plain","optional":true,"computed":true},"nat46_force_ipv4_packet_forwarding":{"type":"string","description_kind":"plain","optional":true,"computed":true},"nat64_prefix":{"type":"string","description_kind":"plain","required":true},"secondary_prefix_status":{"type":"string","description_kind":"plain","optional":true,"computed":true},"status":{"type":"string","description_kind":"plain","optional":true,"computed":true}},"block_types":{"secondary_prefix":{"nesting_mode":"list","block":{"attributes":{"name":{"type":"string","description_kind":"plain","optional":true,"computed":true},"nat64_prefix":{"type":"string","description_kind":"plain","optional":true,"computed":true}},"description_kind":"plain"}}},"description_kind":"plain"}},"fortios_system_ndproxy":{"version":0,"block":{"attributes":{"id":{"type":"string","description_kind":"plain","optional":true,"computed":true},"status":{"type":"string","description_kind":"plain","optional":true,"computed":true}},"block_types":{"member":{"nesting_mode":"list","block":{"attributes":{"interface_name":{"type":"string","description_kind":"plain","optional":true,"computed":true}},"description_kind":"plain"}}},"description_kind":"plain"}},"fortios_system_netflow":{"version":0,"block":{"attributes":{"active_flow_timeout":{"type":"number","description_kind":"plain","optional":true,"computed":true},"collector_ip":{"type":"string","description_kind":"plain","optional":true,"computed":true},"collector_port":{"type":"number","description_kind":"plain","optional":true,"computed":true},"id":{"type":"string","description_kind":"plain","optional":true,"computed":true},"inactive_flow_timeout":{"type":"number","description_kind":"plain","optional":true,"computed":true},"source_ip":{"type":"string","description_kind":"plain","optional":true,"computed":true},"template_tx_counter":{"type":"number","description_kind":"plain","optional":true,"computed":true},"template_tx_timeout":{"type":"number","description_kind":"plain","optional":true,"computed":true}},"description_kind":"plain"}},"fortios_system_networkvisibility":{"version":0,"block":{"attributes":{"destination_hostname_visibility":{"type":"string","description_kind":"plain","optional":true,"computed":true},"destination_location":{"type":"string","description_kind":"plain","optional":true,"computed":true},"destination_visibility":{"type":"string","description_kind":"plain","optional":true,"computed":true},"hostname_limit":{"type":"number","description_kind":"plain","optional":true,"computed":true},"hostname_ttl":{"type":"number","description_kind":"plain","optional":true,"computed":true},"id":{"type":"string","description_kind":"plain","optional":true,"computed":true},"source_location":{"type":"string","description_kind":"plain","optional":true,"computed":true}},"description_kind":"plain"}},"fortios_system_ntp":{"version":0,"block":{"attributes":{"id":{"type":"string","description_kind":"plain","optional":true,"computed":true},"ntpsync":{"type":"string","description_kind":"plain","optional":true,"computed":true},"server_mode":{"type":"string","description_kind":"plain","optional":true,"computed":true},"source_ip":{"type":"string","description_kind":"plain","optional":true,"computed":true},"source_ip6":{"type":"string","description_kind":"plain","optional":true,"computed":true},"syncinterval":{"type":"number","description_kind":"plain","optional":true,"computed":true},"type":{"type":"string","description_kind":"plain","optional":true,"computed":true}},"block_types":{"interface":{"nesting_mode":"list","block":{"attributes":{"interface_name":{"type":"string","description_kind":"plain","optional":true,"computed":true}},"description_kind":"plain"}},"ntpserver":{"nesting_mode":"list","block":{"attributes":{"authentication":{"type":"string","description_kind":"plain","optional":true,"computed":true},"id":{"type":"number","description_kind":"plain","optional":true,"computed":true},"key":{"type":"string","description_kind":"plain","optional":true},"key_id":{"type":"number","description_kind":"plain","optional":true,"computed":true},"ntpv3":{"type":"string","description_kind":"plain","optional":true,"computed":true},"server":{"type":"string","description_kind":"plain","optional":true,"computed":true}},"description_kind":"plain"}}},"description_kind":"plain"}},"fortios_system_objecttagging":{"version":0,"block":{"attributes":{"address":{"type":"string","description_kind":"plain","optional":true,"computed":true},"category":{"type":"string","description_kind":"plain","optional":true,"computed":true},"color":{"type":"number","description_kind":"plain","optional":true,"computed":true},"device":{"type":"string","description_kind":"plain","optional":true,"computed":true},"id":{"type":"string","description_kind":"plain","optional":true,"computed":true},"interface":{"type":"string","description_kind":"plain","optional":true,"computed":true},"multiple":{"type":"string","description_kind":"plain","optional":true,"computed":true}},"block_types":{"tags":{"nesting_mode":"list","block":{"attributes":{"name":{"type":"string","description_kind":"plain","optional":true,"computed":true}},"description_kind":"plain"}}},"description_kind":"plain"}},"fortios_system_passwordpolicy":{"version":0,"block":{"attributes":{"apply_to":{"type":"string","description_kind":"plain","optional":true,"computed":true},"change_4_characters":{"type":"string","description_kind":"plain","optional":true,"computed":true},"expire_day":{"type":"number","description_kind":"plain","optional":true,"computed":true},"expire_status":{"type":"string","description_kind":"plain","optional":true,"computed":true},"id":{"type":"string","description_kind":"plain","optional":true,"computed":true},"min_lower_case_letter":{"type":"number","description_kind":"plain","optional":true,"computed":true},"min_non_alphanumeric":{"type":"number","description_kind":"plain","optional":true,"computed":true},"min_number":{"type":"number","description_kind":"plain","optional":true,"computed":true},"min_upper_case_letter":{"type":"number","description_kind":"plain","optional":true,"computed":true},"minimum_length":{"type":"number","description_kind":"plain","optional":true,"computed":true},"reuse_password":{"type":"string","description_kind":"plain","optional":true,"computed":true},"status":{"type":"string","description_kind":"plain","optional":true,"computed":true}},"description_kind":"plain"}},"fortios_system_passwordpolicyguestadmin":{"version":0,"block":{"attributes":{"apply_to":{"type":"string","description_kind":"plain","optional":true,"computed":true},"change_4_characters":{"type":"string","description_kind":"plain","optional":true,"computed":true},"expire_day":{"type":"number","description_kind":"plain","optional":true,"computed":true},"expire_status":{"type":"string","description_kind":"plain","optional":true,"computed":true},"id":{"type":"string","description_kind":"plain","optional":true,"computed":true},"min_lower_case_letter":{"type":"number","description_kind":"plain","optional":true,"computed":true},"min_non_alphanumeric":{"type":"number","description_kind":"plain","optional":true,"computed":true},"min_number":{"type":"number","description_kind":"plain","optional":true,"computed":true},"min_upper_case_letter":{"type":"number","description_kind":"plain","optional":true,"computed":true},"minimum_length":{"type":"number","description_kind":"plain","optional":true,"computed":true},"reuse_password":{"type":"string","description_kind":"plain","optional":true,"computed":true},"status":{"type":"string","description_kind":"plain","optional":true,"computed":true}},"description_kind":"plain"}},"fortios_system_pppoeinterface":{"version":0,"block":{"attributes":{"ac_name":{"type":"string","description_kind":"plain","optional":true,"computed":true},"auth_type":{"type":"string","description_kind":"plain","optional":true,"computed":true},"device":{"type":"string","description_kind":"plain","required":true},"dial_on_demand":{"type":"string","description_kind":"plain","optional":true,"computed":true},"disc_retry_timeout":{"type":"number","description_kind":"plain","optional":true,"computed":true},"id":{"type":"string","description_kind":"plain","optional":true,"computed":true},"idle_timeout":{"type":"number","description_kind":"plain","optional":true,"computed":true},"ipunnumbered":{"type":"string","description_kind":"plain","optional":true,"computed":true},"ipv6":{"type":"string","description_kind":"plain","optional":true,"computed":true},"lcp_echo_interval":{"type":"number","description_kind":"plain","optional":true,"computed":true},"lcp_max_echo_fails":{"type":"number","description_kind":"plain","optional":true,"computed":true},"name":{"type":"string","description_kind":"plain","optional":true,"computed":true},"padt_retry_timeout":{"type":"number","description_kind":"plain","optional":true,"computed":true},"password":{"type":"string","description_kind":"plain","optional":true},"pppoe_unnumbered_negotiate":{"type":"string","description_kind":"plain","optional":true,"computed":true},"service_name":{"type":"string","description_kind":"plain","optional":true,"computed":true},"username":{"type":"string","description_kind":"plain","optional":true,"computed":true}},"description_kind":"plain"}},"fortios_system_proberesponse":{"version":0,"block":{"attributes":{"http_probe_value":{"type":"string","description_kind":"plain","optional":true,"computed":true},"id":{"type":"string","description_kind":"plain","optional":true,"computed":true},"mode":{"type":"string","description_kind":"plain","optional":true,"computed":true},"password":{"type":"string","description_kind":"plain","optional":true},"port":{"type":"number","description_kind":"plain","optional":true,"computed":true},"security_mode":{"type":"string","description_kind":"plain","optional":true,"computed":true},"timeout":{"type":"number","description_kind":"plain","optional":true,"computed":true},"ttl_mode":{"type":"string","description_kind":"plain","optional":true,"computed":true}},"description_kind":"plain"}},"fortios_system_proxyarp":{"version":0,"block":{"attributes":{"end_ip":{"type":"string","description_kind":"plain","optional":true,"computed":true},"fosid":{"type":"number","description_kind":"plain","required":true},"id":{"type":"string","description_kind":"plain","optional":true,"computed":true},"interface":{"type":"string","description_kind":"plain","required":true},"ip":{"type":"string","description_kind":"plain","required":true}},"description_kind":"plain"}},"fortios_system_ptp":{"version":0,"block":{"attributes":{"delay_mechanism":{"type":"string","description_kind":"plain","optional":true,"computed":true},"id":{"type":"string","description_kind":"plain","optional":true,"computed":true},"interface":{"type":"string","description_kind":"plain","required":true},"mode":{"type":"string","description_kind":"plain","optional":true,"computed":true},"request_interval":{"type":"number","description_kind":"plain","optional":true,"computed":true},"status":{"type":"string","description_kind":"plain","optional":true,"computed":true}},"description_kind":"plain"}},"fortios_system_replacemsggroup":{"version":0,"block":{"attributes":{"comment":{"type":"string","description_kind":"plain","optional":true},"group_type":{"type":"string","description_kind":"plain","required":true},"id":{"type":"string","description_kind":"plain","optional":true,"computed":true},"name":{"type":"string","description_kind":"plain","optional":true,"computed":true}},"block_types":{"admin":{"nesting_mode":"list","block":{"attributes":{"buffer":{"type":"string","description_kind":"plain","optional":true},"format":{"type":"string","description_kind":"plain","optional":true,"computed":true},"header":{"type":"string","description_kind":"plain","optional":true,"computed":true},"msg_type":{"type":"string","description_kind":"plain","optional":true,"computed":true}},"description_kind":"plain"}},"alertmail":{"nesting_mode":"list","block":{"attributes":{"buffer":{"type":"string","description_kind":"plain","optional":true},"format":{"type":"string","description_kind":"plain","optional":true,"computed":true},"header":{"type":"string","description_kind":"plain","optional":true,"computed":true},"msg_type":{"type":"string","description_kind":"plain","optional":true,"computed":true}},"description_kind":"plain"}},"auth":{"nesting_mode":"list","block":{"attributes":{"buffer":{"type":"string","description_kind":"plain","optional":true},"format":{"type":"string","description_kind":"plain","optional":true,"computed":true},"header":{"type":"string","description_kind":"plain","optional":true,"computed":true},"msg_type":{"type":"string","description_kind":"plain","optional":true,"computed":true}},"description_kind":"plain"}},"custom_message":{"nesting_mode":"list","block":{"attributes":{"buffer":{"type":"string","description_kind":"plain","optional":true},"format":{"type":"string","description_kind":"plain","optional":true,"computed":true},"header":{"type":"string","description_kind":"plain","optional":true,"computed":true},"msg_type":{"type":"string","description_kind":"plain","optional":true,"computed":true}},"description_kind":"plain"}},"device_detection_portal":{"nesting_mode":"list","block":{"attributes":{"buffer":{"type":"string","description_kind":"plain","optional":true},"format":{"type":"string","description_kind":"plain","optional":true,"computed":true},"header":{"type":"string","description_kind":"plain","optional":true,"computed":true},"msg_type":{"type":"string","description_kind":"plain","optional":true,"computed":true}},"description_kind":"plain"}},"ec":{"nesting_mode":"list","block":{"attributes":{"buffer":{"type":"string","description_kind":"plain","optional":true},"format":{"type":"string","description_kind":"plain","optional":true,"computed":true},"header":{"type":"string","description_kind":"plain","optional":true,"computed":true},"msg_type":{"type":"string","description_kind":"plain","optional":true,"computed":true}},"description_kind":"plain"}},"fortiguard_wf":{"nesting_mode":"list","block":{"attributes":{"buffer":{"type":"string","description_kind":"plain","optional":true},"format":{"type":"string","description_kind":"plain","optional":true,"computed":true},"header":{"type":"string","description_kind":"plain","optional":true,"computed":true},"msg_type":{"type":"string","description_kind":"plain","optional":true,"computed":true}},"description_kind":"plain"}},"ftp":{"nesting_mode":"list","block":{"attributes":{"buffer":{"type":"string","description_kind":"plain","optional":true},"format":{"type":"string","description_kind":"plain","optional":true,"computed":true},"header":{"type":"string","description_kind":"plain","optional":true,"computed":true},"msg_type":{"type":"string","description_kind":"plain","optional":true,"computed":true}},"description_kind":"plain"}},"http":{"nesting_mode":"list","block":{"attributes":{"buffer":{"type":"string","description_kind":"plain","optional":true},"format":{"type":"string","description_kind":"plain","optional":true,"computed":true},"header":{"type":"string","description_kind":"plain","optional":true,"computed":true},"msg_type":{"type":"string","description_kind":"plain","optional":true,"computed":true}},"description_kind":"plain"}},"icap":{"nesting_mode":"list","block":{"attributes":{"buffer":{"type":"string","description_kind":"plain","optional":true},"format":{"type":"string","description_kind":"plain","optional":true,"computed":true},"header":{"type":"string","description_kind":"plain","optional":true,"computed":true},"msg_type":{"type":"string","description_kind":"plain","optional":true,"computed":true}},"description_kind":"plain"}},"mail":{"nesting_mode":"list","block":{"attributes":{"buffer":{"type":"string","description_kind":"plain","optional":true},"format":{"type":"string","description_kind":"plain","optional":true,"computed":true},"header":{"type":"string","description_kind":"plain","optional":true,"computed":true},"msg_type":{"type":"string","description_kind":"plain","optional":true,"computed":true}},"description_kind":"plain"}},"nac_quar":{"nesting_mode":"list","block":{"attributes":{"buffer":{"type":"string","description_kind":"plain","optional":true},"format":{"type":"string","description_kind":"plain","optional":true,"computed":true},"header":{"type":"string","description_kind":"plain","optional":true,"computed":true},"msg_type":{"type":"string","description_kind":"plain","optional":true,"computed":true}},"description_kind":"plain"}},"nntp":{"nesting_mode":"list","block":{"attributes":{"buffer":{"type":"string","description_kind":"plain","optional":true},"format":{"type":"string","description_kind":"plain","optional":true,"computed":true},"header":{"type":"string","description_kind":"plain","optional":true,"computed":true},"msg_type":{"type":"string","description_kind":"plain","optional":true,"computed":true}},"description_kind":"plain"}},"spam":{"nesting_mode":"list","block":{"attributes":{"buffer":{"type":"string","description_kind":"plain","optional":true},"format":{"type":"string","description_kind":"plain","optional":true,"computed":true},"header":{"type":"string","description_kind":"plain","optional":true,"computed":true},"msg_type":{"type":"string","description_kind":"plain","optional":true,"computed":true}},"description_kind":"plain"}},"sslvpn":{"nesting_mode":"list","block":{"attributes":{"buffer":{"type":"string","description_kind":"plain","optional":true},"format":{"type":"string","description_kind":"plain","optional":true,"computed":true},"header":{"type":"string","description_kind":"plain","optional":true,"computed":true},"msg_type":{"type":"string","description_kind":"plain","optional":true,"computed":true}},"description_kind":"plain"}},"traffic_quota":{"nesting_mode":"list","block":{"attributes":{"buffer":{"type":"string","description_kind":"plain","optional":true},"format":{"type":"string","description_kind":"plain","optional":true,"computed":true},"header":{"type":"string","description_kind":"plain","optional":true,"computed":true},"msg_type":{"type":"string","description_kind":"plain","optional":true,"computed":true}},"description_kind":"plain"}},"utm":{"nesting_mode":"list","block":{"attributes":{"buffer":{"type":"string","description_kind":"plain","optional":true},"format":{"type":"string","description_kind":"plain","optional":true,"computed":true},"header":{"type":"string","description_kind":"plain","optional":true,"computed":true},"msg_type":{"type":"string","description_kind":"plain","optional":true,"computed":true}},"description_kind":"plain"}},"webproxy":{"nesting_mode":"list","block":{"attributes":{"buffer":{"type":"string","description_kind":"plain","optional":true},"format":{"type":"string","description_kind":"plain","optional":true,"computed":true},"header":{"type":"string","description_kind":"plain","optional":true,"computed":true},"msg_type":{"type":"string","description_kind":"plain","optional":true,"computed":true}},"description_kind":"plain"}}},"description_kind":"plain"}},"fortios_system_replacemsgimage":{"version":0,"block":{"attributes":{"id":{"type":"string","description_kind":"plain","optional":true,"computed":true},"image_base64":{"type":"string","description_kind":"plain","optional":true},"image_type":{"type":"string","description_kind":"plain","optional":true,"computed":true},"name":{"type":"string","description_kind":"plain","optional":true,"computed":true}},"description_kind":"plain"}},"fortios_system_resourcelimits":{"version":0,"block":{"attributes":{"custom_service":{"type":"number","description_kind":"plain","optional":true,"computed":true},"dialup_tunnel":{"type":"number","description_kind":"plain","optional":true,"computed":true},"firewall_address":{"type":"number","description_kind":"plain","optional":true,"computed":true},"firewall_addrgrp":{"type":"number","description_kind":"plain","optional":true,"computed":true},"firewall_policy":{"type":"number","description_kind":"plain","optional":true,"computed":true},"id":{"type":"string","description_kind":"plain","optional":true,"computed":true},"ipsec_phase1":{"type":"number","description_kind":"plain","optional":true,"computed":true},"ipsec_phase1_interface":{"type":"number","description_kind":"plain","optional":true,"computed":true},"ipsec_phase2":{"type":"number","description_kind":"plain","optional":true,"computed":true},"ipsec_phase2_interface":{"type":"number","description_kind":"plain","optional":true,"computed":true},"log_disk_quota":{"type":"number","description_kind":"plain","optional":true,"computed":true},"onetime_schedule":{"type":"number","description_kind":"plain","optional":true,"computed":true},"proxy":{"type":"number","description_kind":"plain","optional":true,"computed":true},"recurring_schedule":{"type":"number","description_kind":"plain","optional":true,"computed":true},"service_group":{"type":"number","description_kind":"plain","optional":true,"computed":true},"session":{"type":"number","description_kind":"plain","optional":true,"computed":true},"sslvpn":{"type":"number","description_kind":"plain","optional":true,"computed":true},"user":{"type":"number","description_kind":"plain","optional":true,"computed":true},"user_group":{"type":"number","description_kind":"plain","optional":true,"computed":true}},"description_kind":"plain"}},"fortios_system_saml":{"version":0,"block":{"attributes":{"cert":{"type":"string","description_kind":"plain","optional":true,"computed":true},"default_login_page":{"type":"string","description_kind":"plain","optional":true,"computed":true},"default_profile":{"type":"string","description_kind":"plain","required":true},"entity_id":{"type":"string","description_kind":"plain","optional":true,"computed":true},"id":{"type":"string","description_kind":"plain","optional":true,"computed":true},"idp_cert":{"type":"string","description_kind":"plain","optional":true,"computed":true},"idp_entity_id":{"type":"string","description_kind":"plain","optional":true,"computed":true},"idp_single_logout_url":{"type":"string","description_kind":"plain","optional":true,"computed":true},"idp_single_sign_on_url":{"type":"string","description_kind":"plain","optional":true,"computed":true},"life":{"type":"number","description_kind":"plain","optional":true,"computed":true},"portal_url":{"type":"string","description_kind":"plain","optional":true,"computed":true},"role":{"type":"string","description_kind":"plain","optional":true,"computed":true},"server_address":{"type":"string","description_kind":"plain","optional":true,"computed":true},"single_logout_url":{"type":"string","description_kind":"plain","optional":true,"computed":true},"single_sign_on_url":{"type":"string","description_kind":"plain","optional":true,"computed":true},"status":{"type":"string","description_kind":"plain","optional":true,"computed":true},"tolerance":{"type":"number","description_kind":"plain","optional":true,"computed":true}},"block_types":{"service_providers":{"nesting_mode":"list","block":{"attributes":{"idp_entity_id":{"type":"string","description_kind":"plain","optional":true,"computed":true},"idp_single_logout_url":{"type":"string","description_kind":"plain","optional":true,"computed":true},"idp_single_sign_on_url":{"type":"string","description_kind":"plain","optional":true,"computed":true},"name":{"type":"string","description_kind":"plain","optional":true,"computed":true},"prefix":{"type":"string","description_kind":"plain","optional":true,"computed":true},"sp_cert":{"type":"string","description_kind":"plain","optional":true,"computed":true},"sp_entity_id":{"type":"string","description_kind":"plain","optional":true,"computed":true},"sp_portal_url":{"type":"string","description_kind":"plain","optional":true,"computed":true},"sp_single_logout_url":{"type":"string","description_kind":"plain","optional":true,"computed":true},"sp_single_sign_on_url":{"type":"string","description_kind":"plain","optional":true,"computed":true}},"block_types":{"assertion_attributes":{"nesting_mode":"list","block":{"attributes":{"name":{"type":"string","description_kind":"plain","optional":true,"computed":true},"type":{"type":"string","description_kind":"plain","optional":true,"computed":true}},"description_kind":"plain"}}},"description_kind":"plain"}}},"description_kind":"plain"}},"fortios_system_sdnconnector":{"version":0,"block":{"attributes":{"access_key":{"type":"string","description_kind":"plain","optional":true,"computed":true},"azure_region":{"type":"string","description_kind":"plain","optional":true,"computed":true},"client_id":{"type":"string","description_kind":"plain","optional":true,"computed":true},"client_secret":{"type":"string","description_kind":"plain","optional":true},"compartment_id":{"type":"string","description_kind":"plain","optional":true,"computed":true},"gcp_project":{"type":"string","description_kind":"plain","optional":true,"computed":true},"ha_status":{"type":"string","description_kind":"plain","optional":true,"computed":true},"id":{"type":"string","description_kind":"plain","optional":true,"computed":true},"key_passwd":{"type":"string","description_kind":"plain","optional":true},"login_endpoint":{"type":"string","description_kind":"plain","optional":true,"computed":true},"name":{"type":"string","description_kind":"plain","optional":true,"computed":true},"oci_cert":{"type":"string","description_kind":"plain","optional":true,"computed":true},"oci_fingerprint":{"type":"string","description_kind":"plain","optional":true,"computed":true},"oci_region":{"type":"string","description_kind":"plain","optional":true,"computed":true},"password":{"type":"string","description_kind":"plain","optional":true,"computed":true},"private_key":{"type":"string","description_kind":"plain","optional":true,"computed":true},"region":{"type":"string","description_kind":"plain","optional":true,"computed":true},"resource_group":{"type":"string","description_kind":"plain","optional":true,"computed":true},"resource_url":{"type":"string","description_kind":"plain","optional":true,"computed":true},"secret_key":{"type":"string","description_kind":"plain","optional":true},"secret_token":{"type":"string","description_kind":"plain","optional":true,"computed":true},"server":{"type":"string","description_kind":"plain","optional":true,"computed":true},"server_port":{"type":"number","description_kind":"plain","optional":true,"computed":true},"service_account":{"type":"string","description_kind":"plain","optional":true,"computed":true},"status":{"type":"string","description_kind":"plain","required":true},"subscription_id":{"type":"string","description_kind":"plain","optional":true,"computed":true},"tenant_id":{"type":"string","description_kind":"plain","optional":true,"computed":true},"type":{"type":"string","description_kind":"plain","required":true},"update_interval":{"type":"number","description_kind":"plain","optional":true,"computed":true},"use_metadata_iam":{"type":"string","description_kind":"plain","required":true},"user_id":{"type":"string","description_kind":"plain","optional":true,"computed":true},"username":{"type":"string","description_kind":"plain","optional":true,"computed":true},"vpc_id":{"type":"string","description_kind":"plain","optional":true,"computed":true}},"block_types":{"external_ip":{"nesting_mode":"list","block":{"attributes":{"name":{"type":"string","description_kind":"plain","optional":true,"computed":true}},"description_kind":"plain"}},"nic":{"nesting_mode":"list","block":{"attributes":{"name":{"type":"string","description_kind":"plain","optional":true,"computed":true}},"block_types":{"ip":{"nesting_mode":"list","block":{"attributes":{"name":{"type":"string","description_kind":"plain","optional":true,"computed":true},"public_ip":{"type":"string","description_kind":"plain","optional":true,"computed":true}},"description_kind":"plain"}}},"description_kind":"plain"}},"route":{"nesting_mode":"list","block":{"attributes":{"name":{"type":"string","description_kind":"plain","optional":true,"computed":true}},"description_kind":"plain"}},"route_table":{"nesting_mode":"list","block":{"attributes":{"name":{"type":"string","description_kind":"plain","optional":true,"computed":true}},"block_types":{"route":{"nesting_mode":"list","block":{"attributes":{"name":{"type":"string","description_kind":"plain","optional":true,"computed":true},"next_hop":{"type":"string","description_kind":"plain","optional":true,"computed":true}},"description_kind":"plain"}}},"description_kind":"plain"}}},"description_kind":"plain"}},"fortios_system_sessionhelper":{"version":0,"block":{"attributes":{"fosid":{"type":"number","description_kind":"plain","optional":true,"computed":true},"id":{"type":"string","description_kind":"plain","optional":true,"computed":true},"name":{"type":"string","description_kind":"plain","required":true},"port":{"type":"number","description_kind":"plain","required":true},"protocol":{"type":"number","description_kind":"plain","required":true}},"description_kind":"plain"}},"fortios_system_sessionttl":{"version":0,"block":{"attributes":{"default":{"type":"string","description_kind":"plain","optional":true,"computed":true},"id":{"type":"string","description_kind":"plain","optional":true,"computed":true}},"block_types":{"port":{"nesting_mode":"list","block":{"attributes":{"end_port":{"type":"number","description_kind":"plain","optional":true,"computed":true},"id":{"type":"number","description_kind":"plain","optional":true,"computed":true},"protocol":{"type":"number","description_kind":"plain","optional":true,"computed":true},"start_port":{"type":"number","description_kind":"plain","optional":true,"computed":true},"timeout":{"type":"string","description_kind":"plain","optional":true,"computed":true}},"description_kind":"plain"}}},"description_kind":"plain"}},"fortios_system_setting_dns":{"version":0,"block":{"attributes":{"dns_over_tls":{"type":"string","description_kind":"plain","optional":true,"computed":true},"id":{"type":"string","description_kind":"plain","optional":true,"computed":true},"primary":{"type":"string","description_kind":"plain","optional":true,"computed":true},"secondary":{"type":"string","description_kind":"plain","optional":true,"computed":true}},"description_kind":"plain"}},"fortios_system_setting_global":{"version":0,"block":{"attributes":{"admin_scp":{"type":"string","description_kind":"plain","optional":true,"computed":true},"admin_sport":{"type":"string","description_kind":"plain","optional":true,"computed":true},"admin_ssh_port":{"type":"string","description_kind":"plain","optional":true,"computed":true},"admintimeout":{"type":"string","description_kind":"plain","optional":true,"computed":true},"hostname":{"type":"string","description_kind":"plain","required":true},"id":{"type":"string","description_kind":"plain","optional":true,"computed":true},"timezone":{"type":"string","description_kind":"plain","optional":true,"computed":true}},"description_kind":"plain"}},"fortios_system_setting_ntp":{"version":0,"block":{"attributes":{"id":{"type":"string","description_kind":"plain","optional":true,"computed":true},"ntpserver":{"type":["list","string"],"description_kind":"plain","optional":true,"computed":true},"ntpsync":{"type":"string","description_kind":"plain","optional":true,"computed":true},"type":{"type":"string","description_kind":"plain","required":true}},"description_kind":"plain"}},"fortios_system_settings":{"version":0,"block":{"attributes":{"allow_linkdown_path":{"type":"string","description_kind":"plain","optional":true,"computed":true},"allow_subnet_overlap":{"type":"string","description_kind":"plain","optional":true,"computed":true},"asymroute":{"type":"string","description_kind":"plain","optional":true,"computed":true},"asymroute6":{"type":"string","description_kind":"plain","optional":true,"computed":true},"asymroute6_icmp":{"type":"string","description_kind":"plain","optional":true,"computed":true},"asymroute_icmp":{"type":"string","description_kind":"plain","optional":true,"computed":true},"bfd":{"type":"string","description_kind":"plain","optional":true,"computed":true},"bfd_desired_min_tx":{"type":"number","description_kind":"plain","optional":true,"computed":true},"bfd_detect_mult":{"type":"number","description_kind":"plain","optional":true,"computed":true},"bfd_dont_enforce_src_port":{"type":"string","description_kind":"plain","optional":true,"computed":true},"bfd_required_min_rx":{"type":"number","description_kind":"plain","optional":true,"computed":true},"block_land_attack":{"type":"string","description_kind":"plain","optional":true,"computed":true},"central_nat":{"type":"string","description_kind":"plain","optional":true,"computed":true},"comments":{"type":"string","description_kind":"plain","optional":true},"compliance_check":{"type":"string","description_kind":"plain","optional":true,"computed":true},"consolidated_firewall_mode":{"type":"string","description_kind":"plain","optional":true,"computed":true},"default_voip_alg_mode":{"type":"string","description_kind":"plain","optional":true,"computed":true},"deny_tcp_with_icmp":{"type":"string","description_kind":"plain","optional":true,"computed":true},"device":{"type":"string","description_kind":"plain","optional":true,"computed":true},"dhcp6_server_ip":{"type":"string","description_kind":"plain","optional":true,"computed":true},"dhcp_proxy":{"type":"string","description_kind":"plain","optional":true,"computed":true},"dhcp_server_ip":{"type":"string","description_kind":"plain","optional":true,"computed":true},"discovered_device_timeout":{"type":"number","description_kind":"plain","optional":true,"computed":true},"ecmp_max_paths":{"type":"number","description_kind":"plain","optional":true,"computed":true},"email_portal_check_dns":{"type":"string","description_kind":"plain","optional":true,"computed":true},"firewall_session_dirty":{"type":"string","description_kind":"plain","optional":true,"computed":true},"fw_session_hairpin":{"type":"string","description_kind":"plain","optional":true,"computed":true},"gateway":{"type":"string","description_kind":"plain","optional":true,"computed":true},"gateway6":{"type":"string","description_kind":"plain","optional":true,"computed":true},"gui_advanced_policy":{"type":"string","description_kind":"plain","optional":true,"computed":true},"gui_allow_unnamed_policy":{"type":"string","description_kind":"plain","optional":true,"computed":true},"gui_antivirus":{"type":"string","description_kind":"plain","optional":true,"computed":true},"gui_ap_profile":{"type":"string","description_kind":"plain","optional":true,"computed":true},"gui_application_control":{"type":"string","description_kind":"plain","optional":true,"computed":true},"gui_dhcp_advanced":{"type":"string","description_kind":"plain","optional":true,"computed":true},"gui_dlp":{"type":"string","description_kind":"plain","optional":true,"computed":true},"gui_dns_database":{"type":"string","description_kind":"plain","optional":true,"computed":true},"gui_dnsfilter":{"type":"string","description_kind":"plain","optional":true,"computed":true},"gui_domain_ip_reputation":{"type":"string","description_kind":"plain","optional":true,"computed":true},"gui_dos_policy":{"type":"string","description_kind":"plain","optional":true,"computed":true},"gui_dynamic_profile_display":{"type":"string","description_kind":"plain","optional":true,"computed":true},"gui_dynamic_routing":{"type":"string","description_kind":"plain","optional":true,"computed":true},"gui_email_collection":{"type":"string","description_kind":"plain","optional":true,"computed":true},"gui_endpoint_control":{"type":"string","description_kind":"plain","optional":true,"computed":true},"gui_endpoint_control_advanced":{"type":"string","description_kind":"plain","optional":true,"computed":true},"gui_explicit_proxy":{"type":"string","description_kind":"plain","optional":true,"computed":true},"gui_fortiap_split_tunneling":{"type":"string","description_kind":"plain","optional":true,"computed":true},"gui_fortiextender_controller":{"type":"string","description_kind":"plain","optional":true,"computed":true},"gui_icap":{"type":"string","description_kind":"plain","optional":true,"computed":true},"gui_implicit_policy":{"type":"string","description_kind":"plain","optional":true,"computed":true},"gui_ips":{"type":"string","description_kind":"plain","optional":true,"computed":true},"gui_load_balance":{"type":"string","description_kind":"plain","optional":true,"computed":true},"gui_local_in_policy":{"type":"string","description_kind":"plain","optional":true,"computed":true},"gui_local_reports":{"type":"string","description_kind":"plain","optional":true,"computed":true},"gui_multicast_policy":{"type":"string","description_kind":"plain","optional":true,"computed":true},"gui_multiple_interface_policy":{"type":"string","description_kind":"plain","optional":true,"computed":true},"gui_multiple_utm_profiles":{"type":"string","description_kind":"plain","optional":true,"computed":true},"gui_nat46_64":{"type":"string","description_kind":"plain","optional":true,"computed":true},"gui_object_colors":{"type":"string","description_kind":"plain","optional":true,"computed":true},"gui_policy_based_ipsec":{"type":"string","description_kind":"plain","optional":true,"computed":true},"gui_policy_learning":{"type":"string","description_kind":"plain","optional":true,"computed":true},"gui_replacement_message_groups":{"type":"string","description_kind":"plain","optional":true,"computed":true},"gui_spamfilter":{"type":"string","description_kind":"plain","optional":true,"computed":true},"gui_sslvpn_personal_bookmarks":{"type":"string","description_kind":"plain","optional":true,"computed":true},"gui_sslvpn_realms":{"type":"string","description_kind":"plain","optional":true,"computed":true},"gui_switch_controller":{"type":"string","description_kind":"plain","optional":true,"computed":true},"gui_threat_weight":{"type":"string","description_kind":"plain","optional":true,"computed":true},"gui_traffic_shaping":{"type":"string","description_kind":"plain","optional":true,"computed":true},"gui_voip_profile":{"type":"string","description_kind":"plain","optional":true,"computed":true},"gui_vpn":{"type":"string","description_kind":"plain","optional":true,"computed":true},"gui_waf_profile":{"type":"string","description_kind":"plain","optional":true,"computed":true},"gui_wan_load_balancing":{"type":"string","description_kind":"plain","optional":true,"computed":true},"gui_wanopt_cache":{"type":"string","description_kind":"plain","optional":true,"computed":true},"gui_webfilter":{"type":"string","description_kind":"plain","optional":true,"computed":true},"gui_webfilter_advanced":{"type":"string","description_kind":"plain","optional":true,"computed":true},"gui_wireless_controller":{"type":"string","description_kind":"plain","optional":true,"computed":true},"http_external_dest":{"type":"string","description_kind":"plain","optional":true,"computed":true},"id":{"type":"string","description_kind":"plain","optional":true,"computed":true},"ike_dn_format":{"type":"string","description_kind":"plain","optional":true,"computed":true},"ike_quick_crash_detect":{"type":"string","description_kind":"plain","optional":true,"computed":true},"ike_session_resume":{"type":"string","description_kind":"plain","optional":true,"computed":true},"implicit_allow_dns":{"type":"string","description_kind":"plain","optional":true,"computed":true},"inspection_mode":{"type":"string","description_kind":"plain","optional":true,"computed":true},"ip":{"type":"string","description_kind":"plain","optional":true,"computed":true},"ip6":{"type":"string","description_kind":"plain","optional":true,"computed":true},"link_down_access":{"type":"string","description_kind":"plain","optional":true,"computed":true},"lldp_reception":{"type":"string","description_kind":"plain","optional":true,"computed":true},"lldp_transmission":{"type":"string","description_kind":"plain","optional":true,"computed":true},"mac_ttl":{"type":"number","description_kind":"plain","optional":true,"computed":true},"manageip":{"type":"string","description_kind":"plain","optional":true,"computed":true},"manageip6":{"type":"string","description_kind":"plain","optional":true,"computed":true},"multicast_forward":{"type":"string","description_kind":"plain","optional":true,"computed":true},"multicast_skip_policy":{"type":"string","description_kind":"plain","optional":true,"computed":true},"multicast_ttl_notchange":{"type":"string","description_kind":"plain","optional":true,"computed":true},"ngfw_mode":{"type":"string","description_kind":"plain","optional":true,"computed":true},"opmode":{"type":"string","description_kind":"plain","optional":true,"computed":true},"prp_trailer_action":{"type":"string","description_kind":"plain","optional":true,"computed":true},"sccp_port":{"type":"number","description_kind":"plain","optional":true,"computed":true},"ses_denied_traffic":{"type":"string","description_kind":"plain","optional":true,"computed":true},"sip_helper":{"type":"string","description_kind":"plain","optional":true,"computed":true},"sip_nat_trace":{"type":"string","description_kind":"plain","optional":true,"computed":true},"sip_ssl_port":{"type":"number","description_kind":"plain","optional":true,"computed":true},"sip_tcp_port":{"type":"number","description_kind":"plain","optional":true,"computed":true},"sip_udp_port":{"type":"number","description_kind":"plain","optional":true,"computed":true},"snat_hairpin_traffic":{"type":"string","description_kind":"plain","optional":true,"computed":true},"ssl_ssh_profile":{"type":"string","description_kind":"plain","optional":true,"computed":true},"status":{"type":"string","description_kind":"plain","optional":true,"computed":true},"strict_src_check":{"type":"string","description_kind":"plain","optional":true,"computed":true},"tcp_session_without_syn":{"type":"string","description_kind":"plain","optional":true,"computed":true},"utf8_spam_tagging":{"type":"string","description_kind":"plain","optional":true,"computed":true},"v4_ecmp_mode":{"type":"string","description_kind":"plain","optional":true,"computed":true},"vpn_stats_log":{"type":"string","description_kind":"plain","optional":true,"computed":true},"vpn_stats_period":{"type":"number","description_kind":"plain","optional":true,"computed":true},"wccp_cache_engine":{"type":"string","description_kind":"plain","optional":true,"computed":true}},"block_types":{"gui_default_policy_columns":{"nesting_mode":"list","block":{"attributes":{"name":{"type":"string","description_kind":"plain","optional":true,"computed":true}},"description_kind":"plain"}}},"description_kind":"plain"}},"fortios_system_sflow":{"version":0,"block":{"attributes":{"collector_ip":{"type":"string","description_kind":"plain","required":true},"collector_port":{"type":"number","description_kind":"plain","optional":true,"computed":true},"id":{"type":"string","description_kind":"plain","optional":true,"computed":true},"source_ip":{"type":"string","description_kind":"plain","optional":true,"computed":true}},"description_kind":"plain"}},"fortios_system_sittunnel":{"version":0,"block":{"attributes":{"destination":{"type":"string","description_kind":"plain","required":true},"id":{"type":"string","description_kind":"plain","optional":true,"computed":true},"interface":{"type":"string","description_kind":"plain","optional":true,"computed":true},"ip6":{"type":"string","description_kind":"plain","optional":true,"computed":true},"name":{"type":"string","description_kind":"plain","optional":true,"computed":true},"source":{"type":"string","description_kind":"plain","optional":true,"computed":true}},"description_kind":"plain"}},"fortios_system_smsserver":{"version":0,"block":{"attributes":{"id":{"type":"string","description_kind":"plain","optional":true,"computed":true},"mail_server":{"type":"string","description_kind":"plain","required":true},"name":{"type":"string","description_kind":"plain","optional":true,"computed":true}},"description_kind":"plain"}},"fortios_system_storage":{"version":0,"block":{"attributes":{"device":{"type":"string","description_kind":"plain","optional":true,"computed":true},"id":{"type":"string","description_kind":"plain","optional":true,"computed":true},"media_status":{"type":"string","description_kind":"plain","optional":true,"computed":true},"name":{"type":"string","description_kind":"plain","optional":true,"computed":true},"order":{"type":"number","description_kind":"plain","optional":true,"computed":true},"partition":{"type":"string","description_kind":"plain","optional":true,"computed":true},"size":{"type":"number","description_kind":"plain","optional":true,"computed":true},"status":{"type":"string","description_kind":"plain","optional":true,"computed":true},"usage":{"type":"string","description_kind":"plain","optional":true,"computed":true},"wanopt_mode":{"type":"string","description_kind":"plain","optional":true,"computed":true}},"description_kind":"plain"}},"fortios_system_switchinterface":{"version":0,"block":{"attributes":{"id":{"type":"string","description_kind":"plain","optional":true,"computed":true},"intra_switch_policy":{"type":"string","description_kind":"plain","optional":true,"computed":true},"name":{"type":"string","description_kind":"plain","required":true},"span":{"type":"string","description_kind":"plain","optional":true,"computed":true},"span_dest_port":{"type":"string","description_kind":"plain","optional":true,"computed":true},"span_direction":{"type":"string","description_kind":"plain","optional":true,"computed":true},"type":{"type":"string","description_kind":"plain","optional":true,"computed":true},"vdom":{"type":"string","description_kind":"plain","optional":true,"computed":true}},"block_types":{"member":{"nesting_mode":"list","block":{"attributes":{"interface_name":{"type":"string","description_kind":"plain","optional":true,"computed":true}},"description_kind":"plain"}},"span_source_port":{"nesting_mode":"list","block":{"attributes":{"interface_name":{"type":"string","description_kind":"plain","optional":true,"computed":true}},"description_kind":"plain"}}},"description_kind":"plain"}},"fortios_system_tosbasedpriority":{"version":0,"block":{"attributes":{"fosid":{"type":"number","description_kind":"plain","optional":true,"computed":true},"id":{"type":"string","description_kind":"plain","optional":true,"computed":true},"priority":{"type":"string","description_kind":"plain","optional":true,"computed":true},"tos":{"type":"number","description_kind":"plain","optional":true,"computed":true}},"description_kind":"plain"}},"fortios_system_vdom":{"version":0,"block":{"attributes":{"id":{"type":"string","description_kind":"plain","optional":true,"computed":true},"name":{"type":"string","description_kind":"plain","optional":true,"computed":true},"short_name":{"type":"string","description_kind":"plain","optional":true,"computed":true},"temporary":{"type":"number","description_kind":"plain","optional":true,"computed":true},"vcluster_id":{"type":"number","description_kind":"plain","optional":true,"computed":true}},"description_kind":"plain"}},"fortios_system_vdom_setting":{"version":0,"block":{"attributes":{"id":{"type":"string","description_kind":"plain","optional":true,"computed":true},"name":{"type":"string","description_kind":"plain","required":true},"short_name":{"type":"string","description_kind":"plain","optional":true,"computed":true},"temporary":{"type":"string","description_kind":"plain","optional":true,"computed":true}},"description_kind":"plain"}},"fortios_system_vdomdns":{"version":0,"block":{"attributes":{"id":{"type":"string","description_kind":"plain","optional":true,"computed":true},"ip6_primary":{"type":"string","description_kind":"plain","optional":true,"computed":true},"ip6_secondary":{"type":"string","description_kind":"plain","optional":true,"computed":true},"primary":{"type":"string","description_kind":"plain","optional":true,"computed":true},"secondary":{"type":"string","description_kind":"plain","optional":true,"computed":true},"source_ip":{"type":"string","description_kind":"plain","optional":true,"computed":true},"vdom_dns":{"type":"string","description_kind":"plain","optional":true,"computed":true}},"description_kind":"plain"}},"fortios_system_vdomexception":{"version":0,"block":{"attributes":{"fosid":{"type":"number","description_kind":"plain","optional":true,"computed":true},"id":{"type":"string","description_kind":"plain","optional":true,"computed":true},"object":{"type":"string","description_kind":"plain","required":true},"oid":{"type":"number","description_kind":"plain","optional":true,"computed":true},"scope":{"type":"string","description_kind":"plain","optional":true,"computed":true}},"block_types":{"vdom":{"nesting_mode":"list","block":{"attributes":{"name":{"type":"string","description_kind":"plain","optional":true,"computed":true}},"description_kind":"plain"}}},"description_kind":"plain"}},"fortios_system_vdomlink":{"version":0,"block":{"attributes":{"id":{"type":"string","description_kind":"plain","optional":true,"computed":true},"name":{"type":"string","description_kind":"plain","optional":true,"computed":true},"type":{"type":"string","description_kind":"plain","optional":true,"computed":true},"vcluster":{"type":"string","description_kind":"plain","optional":true,"computed":true}},"description_kind":"plain"}},"fortios_system_vdomnetflow":{"version":0,"block":{"attributes":{"collector_ip":{"type":"string","description_kind":"plain","optional":true,"computed":true},"collector_port":{"type":"number","description_kind":"plain","optional":true,"computed":true},"id":{"type":"string","description_kind":"plain","optional":true,"computed":true},"source_ip":{"type":"string","description_kind":"plain","optional":true,"computed":true},"vdom_netflow":{"type":"string","description_kind":"plain","optional":true,"computed":true}},"description_kind":"plain"}},"fortios_system_vdomproperty":{"version":0,"block":{"attributes":{"custom_service":{"type":"string","description_kind":"plain","optional":true,"computed":true},"description":{"type":"string","description_kind":"plain","optional":true,"computed":true},"dialup_tunnel":{"type":"string","description_kind":"plain","optional":true,"computed":true},"firewall_address":{"type":"string","description_kind":"plain","optional":true,"computed":true},"firewall_addrgrp":{"type":"string","description_kind":"plain","optional":true,"computed":true},"firewall_policy":{"type":"string","description_kind":"plain","optional":true,"computed":true},"id":{"type":"string","description_kind":"plain","optional":true,"computed":true},"ipsec_phase1":{"type":"string","description_kind":"plain","optional":true,"computed":true},"ipsec_phase1_interface":{"type":"string","description_kind":"plain","optional":true,"computed":true},"ipsec_phase2":{"type":"string","description_kind":"plain","optional":true,"computed":true},"ipsec_phase2_interface":{"type":"string","description_kind":"plain","optional":true,"computed":true},"log_disk_quota":{"type":"string","description_kind":"plain","optional":true,"computed":true},"name":{"type":"string","description_kind":"plain","optional":true,"computed":true},"onetime_schedule":{"type":"string","description_kind":"plain","optional":true,"computed":true},"proxy":{"type":"string","description_kind":"plain","optional":true,"computed":true},"recurring_schedule":{"type":"string","description_kind":"plain","optional":true,"computed":true},"service_group":{"type":"string","description_kind":"plain","optional":true,"computed":true},"session":{"type":"string","description_kind":"plain","optional":true,"computed":true},"snmp_index":{"type":"number","description_kind":"plain","optional":true,"computed":true},"sslvpn":{"type":"string","description_kind":"plain","optional":true,"computed":true},"user":{"type":"string","description_kind":"plain","optional":true,"computed":true},"user_group":{"type":"string","description_kind":"plain","optional":true,"computed":true}},"description_kind":"plain"}},"fortios_system_vdomradiusserver":{"version":0,"block":{"attributes":{"id":{"type":"string","description_kind":"plain","optional":true,"computed":true},"name":{"type":"string","description_kind":"plain","optional":true,"computed":true},"radius_server_vdom":{"type":"string","description_kind":"plain","required":true},"status":{"type":"string","description_kind":"plain","optional":true,"computed":true}},"description_kind":"plain"}},"fortios_system_vdomsflow":{"version":0,"block":{"attributes":{"collector_ip":{"type":"string","description_kind":"plain","optional":true,"computed":true},"collector_port":{"type":"number","description_kind":"plain","optional":true,"computed":true},"id":{"type":"string","description_kind":"plain","optional":true,"computed":true},"source_ip":{"type":"string","description_kind":"plain","optional":true,"computed":true},"vdom_sflow":{"type":"string","description_kind":"plain","optional":true,"computed":true}},"description_kind":"plain"}},"fortios_system_virtualwanlink":{"version":0,"block":{"attributes":{"fail_detect":{"type":"string","description_kind":"plain","optional":true,"computed":true},"id":{"type":"string","description_kind":"plain","optional":true,"computed":true},"load_balance_mode":{"type":"string","description_kind":"plain","optional":true,"computed":true},"status":{"type":"string","description_kind":"plain","optional":true,"computed":true}},"block_types":{"fail_alert_interfaces":{"nesting_mode":"list","block":{"attributes":{"name":{"type":"string","description_kind":"plain","optional":true,"computed":true}},"description_kind":"plain"}},"health_check":{"nesting_mode":"list","block":{"attributes":{"addr_mode":{"type":"string","description_kind":"plain","optional":true,"computed":true},"failtime":{"type":"number","description_kind":"plain","optional":true,"computed":true},"http_agent":{"type":"string","description_kind":"plain","optional":true,"computed":true},"http_get":{"type":"string","description_kind":"plain","optional":true,"computed":true},"http_match":{"type":"string","description_kind":"plain","optional":true,"computed":true},"interval":{"type":"number","description_kind":"plain","optional":true,"computed":true},"name":{"type":"string","description_kind":"plain","optional":true,"computed":true},"packet_size":{"type":"number","description_kind":"plain","optional":true,"computed":true},"password":{"type":"string","description_kind":"plain","optional":true},"port":{"type":"number","description_kind":"plain","optional":true,"computed":true},"probe_packets":{"type":"string","description_kind":"plain","optional":true,"computed":true},"protocol":{"type":"string","description_kind":"plain","optional":true,"computed":true},"recoverytime":{"type":"number","description_kind":"plain","optional":true,"computed":true},"security_mode":{"type":"string","description_kind":"plain","optional":true,"computed":true},"server":{"type":"string","description_kind":"plain","optional":true,"computed":true},"sla_fail_log_period":{"type":"number","description_kind":"plain","optional":true,"computed":true},"sla_pass_log_period":{"type":"number","description_kind":"plain","optional":true,"computed":true},"threshold_alert_jitter":{"type":"number","description_kind":"plain","optional":true,"computed":true},"threshold_alert_latency":{"type":"number","description_kind":"plain","optional":true,"computed":true},"threshold_alert_packetloss":{"type":"number","description_kind":"plain","optional":true,"computed":true},"threshold_warning_jitter":{"type":"number","description_kind":"plain","optional":true,"computed":true},"threshold_warning_latency":{"type":"number","description_kind":"plain","optional":true,"computed":true},"threshold_warning_packetloss":{"type":"number","description_kind":"plain","optional":true,"computed":true},"update_cascade_interface":{"type":"string","description_kind":"plain","optional":true,"computed":true},"update_static_route":{"type":"string","description_kind":"plain","optional":true,"computed":true}},"block_types":{"members":{"nesting_mode":"list","block":{"attributes":{"seq_num":{"type":"number","description_kind":"plain","optional":true,"computed":true}},"description_kind":"plain"}},"sla":{"nesting_mode":"list","block":{"attributes":{"id":{"type":"number","description_kind":"plain","optional":true,"computed":true},"jitter_threshold":{"type":"number","description_kind":"plain","optional":true,"computed":true},"latency_threshold":{"type":"number","description_kind":"plain","optional":true,"computed":true},"link_cost_factor":{"type":"string","description_kind":"plain","optional":true,"computed":true},"packetloss_threshold":{"type":"number","description_kind":"plain","optional":true,"computed":true}},"description_kind":"plain"}}},"description_kind":"plain"}},"members":{"nesting_mode":"list","block":{"attributes":{"comment":{"type":"string","description_kind":"plain","optional":true},"cost":{"type":"number","description_kind":"plain","optional":true,"computed":true},"gateway":{"type":"string","description_kind":"plain","optional":true,"computed":true},"gateway6":{"type":"string","description_kind":"plain","optional":true,"computed":true},"ingress_spillover_threshold":{"type":"number","description_kind":"plain","optional":true,"computed":true},"interface":{"type":"string","description_kind":"plain","optional":true,"computed":true},"priority":{"type":"number","description_kind":"plain","optional":true,"computed":true},"seq_num":{"type":"number","description_kind":"plain","optional":true,"computed":true},"source":{"type":"string","description_kind":"plain","optional":true,"computed":true},"source6":{"type":"string","description_kind":"plain","optional":true,"computed":true},"spillover_threshold":{"type":"number","description_kind":"plain","optional":true,"computed":true},"status":{"type":"string","description_kind":"plain","optional":true,"computed":true},"volume_ratio":{"type":"number","description_kind":"plain","optional":true,"computed":true},"weight":{"type":"number","description_kind":"plain","optional":true,"computed":true}},"description_kind":"plain"}},"service":{"nesting_mode":"list","block":{"attributes":{"addr_mode":{"type":"string","description_kind":"plain","optional":true,"computed":true},"bandwidth_weight":{"type":"number","description_kind":"plain","optional":true,"computed":true},"dscp_forward":{"type":"string","description_kind":"plain","optional":true,"computed":true},"dscp_forward_tag":{"type":"string","description_kind":"plain","optional":true,"computed":true},"dscp_reverse":{"type":"string","description_kind":"plain","optional":true,"computed":true},"dscp_reverse_tag":{"type":"string","description_kind":"plain","optional":true,"computed":true},"dst_negate":{"type":"string","description_kind":"plain","optional":true,"computed":true},"end_port":{"type":"number","description_kind":"plain","optional":true,"computed":true},"gateway":{"type":"string","description_kind":"plain","optional":true,"computed":true},"health_check":{"type":"string","description_kind":"plain","optional":true,"computed":true},"hold_down_time":{"type":"number","description_kind":"plain","optional":true,"computed":true},"id":{"type":"number","description_kind":"plain","optional":true,"computed":true},"internet_service":{"type":"string","description_kind":"plain","optional":true,"computed":true},"jitter_weight":{"type":"number","description_kind":"plain","optional":true,"computed":true},"latency_weight":{"type":"number","description_kind":"plain","optional":true,"computed":true},"link_cost_factor":{"type":"string","description_kind":"plain","optional":true,"computed":true},"link_cost_threshold":{"type":"number","description_kind":"plain","optional":true,"computed":true},"member":{"type":"number","description_kind":"plain","optional":true,"computed":true},"mode":{"type":"string","description_kind":"plain","optional":true,"computed":true},"name":{"type":"string","description_kind":"plain","optional":true,"computed":true},"packet_loss_weight":{"type":"number","description_kind":"plain","optional":true,"computed":true},"protocol":{"type":"number","description_kind":"plain","optional":true,"computed":true},"quality_link":{"type":"number","description_kind":"plain","optional":true,"computed":true},"route_tag":{"type":"number","description_kind":"plain","optional":true,"computed":true},"src_negate":{"type":"string","description_kind":"plain","optional":true,"computed":true},"start_port":{"type":"number","description_kind":"plain","optional":true,"computed":true},"status":{"type":"string","description_kind":"plain","optional":true,"computed":true},"tos":{"type":"string","description_kind":"plain","optional":true,"computed":true},"tos_mask":{"type":"string","description_kind":"plain","optional":true,"computed":true}},"block_types":{"dst":{"nesting_mode":"list","block":{"attributes":{"name":{"type":"string","description_kind":"plain","optional":true,"computed":true}},"description_kind":"plain"}},"dst6":{"nesting_mode":"list","block":{"attributes":{"name":{"type":"string","description_kind":"plain","optional":true,"computed":true}},"description_kind":"plain"}},"groups":{"nesting_mode":"list","block":{"attributes":{"name":{"type":"string","description_kind":"plain","optional":true,"computed":true}},"description_kind":"plain"}},"input_device":{"nesting_mode":"list","block":{"attributes":{"name":{"type":"string","description_kind":"plain","optional":true,"computed":true}},"description_kind":"plain"}},"internet_service_ctrl":{"nesting_mode":"list","block":{"attributes":{"id":{"type":"number","description_kind":"plain","optional":true,"computed":true}},"description_kind":"plain"}},"internet_service_ctrl_group":{"nesting_mode":"list","block":{"attributes":{"name":{"type":"string","description_kind":"plain","optional":true,"computed":true}},"description_kind":"plain"}},"internet_service_custom":{"nesting_mode":"list","block":{"attributes":{"name":{"type":"string","description_kind":"plain","optional":true,"computed":true}},"description_kind":"plain"}},"internet_service_custom_group":{"nesting_mode":"list","block":{"attributes":{"name":{"type":"string","description_kind":"plain","optional":true,"computed":true}},"description_kind":"plain"}},"internet_service_group":{"nesting_mode":"list","block":{"attributes":{"name":{"type":"string","description_kind":"plain","optional":true,"computed":true}},"description_kind":"plain"}},"internet_service_id":{"nesting_mode":"list","block":{"attributes":{"id":{"type":"number","description_kind":"plain","optional":true,"computed":true}},"description_kind":"plain"}},"priority_members":{"nesting_mode":"list","block":{"attributes":{"seq_num":{"type":"number","description_kind":"plain","optional":true,"computed":true}},"description_kind":"plain"}},"sla":{"nesting_mode":"list","block":{"attributes":{"health_check":{"type":"string","description_kind":"plain","optional":true,"computed":true},"id":{"type":"number","description_kind":"plain","optional":true,"computed":true}},"description_kind":"plain"}},"src":{"nesting_mode":"list","block":{"attributes":{"name":{"type":"string","description_kind":"plain","optional":true,"computed":true}},"description_kind":"plain"}},"src6":{"nesting_mode":"list","block":{"attributes":{"name":{"type":"string","description_kind":"plain","optional":true,"computed":true}},"description_kind":"plain"}},"users":{"nesting_mode":"list","block":{"attributes":{"name":{"type":"string","description_kind":"plain","optional":true,"computed":true}},"description_kind":"plain"}}},"description_kind":"plain"}}},"description_kind":"plain"}},"fortios_system_virtualwirepair":{"version":0,"block":{"attributes":{"id":{"type":"string","description_kind":"plain","optional":true,"computed":true},"name":{"type":"string","description_kind":"plain","optional":true,"computed":true},"vlan_filter":{"type":"string","description_kind":"plain","optional":true,"computed":true},"wildcard_vlan":{"type":"string","description_kind":"plain","optional":true,"computed":true}},"block_types":{"member":{"nesting_mode":"list","block":{"attributes":{"interface_name":{"type":"string","description_kind":"plain","optional":true,"computed":true}},"description_kind":"plain"},"min_items":1}},"description_kind":"plain"}},"fortios_system_vxlan":{"version":0,"block":{"attributes":{"dstport":{"type":"number","description_kind":"plain","optional":true,"computed":true},"id":{"type":"string","description_kind":"plain","optional":true,"computed":true},"interface":{"type":"string","description_kind":"plain","required":true},"ip_version":{"type":"string","description_kind":"plain","required":true},"multicast_ttl":{"type":"number","description_kind":"plain","optional":true,"computed":true},"name":{"type":"string","description_kind":"plain","optional":true,"computed":true},"vni":{"type":"number","description_kind":"plain","required":true}},"block_types":{"remote_ip":{"nesting_mode":"list","block":{"attributes":{"ip":{"type":"string","description_kind":"plain","optional":true,"computed":true}},"description_kind":"plain"}},"remote_ip6":{"nesting_mode":"list","block":{"attributes":{"ip6":{"type":"string","description_kind":"plain","optional":true,"computed":true}},"description_kind":"plain"}}},"description_kind":"plain"}},"fortios_system_wccp":{"version":0,"block":{"attributes":{"assignment_bucket_format":{"type":"string","description_kind":"plain","optional":true,"computed":true},"assignment_dstaddr_mask":{"type":"string","description_kind":"plain","optional":true,"computed":true},"assignment_method":{"type":"string","description_kind":"plain","optional":true,"computed":true},"assignment_srcaddr_mask":{"type":"string","description_kind":"plain","optional":true,"computed":true},"assignment_weight":{"type":"number","description_kind":"plain","optional":true,"computed":true},"authentication":{"type":"string","description_kind":"plain","optional":true,"computed":true},"cache_engine_method":{"type":"string","description_kind":"plain","optional":true,"computed":true},"cache_id":{"type":"string","description_kind":"plain","optional":true,"computed":true},"forward_method":{"type":"string","description_kind":"plain","optional":true,"computed":true},"group_address":{"type":"string","description_kind":"plain","optional":true,"computed":true},"id":{"type":"string","description_kind":"plain","optional":true,"computed":true},"password":{"type":"string","description_kind":"plain","optional":true},"ports":{"type":"string","description_kind":"plain","optional":true,"computed":true},"ports_defined":{"type":"string","description_kind":"plain","optional":true,"computed":true},"primary_hash":{"type":"string","description_kind":"plain","optional":true,"computed":true},"priority":{"type":"number","description_kind":"plain","optional":true,"computed":true},"protocol":{"type":"number","description_kind":"plain","optional":true,"computed":true},"return_method":{"type":"string","description_kind":"plain","optional":true,"computed":true},"router_id":{"type":"string","description_kind":"plain","optional":true,"computed":true},"router_list":{"type":"string","description_kind":"plain","optional":true,"computed":true},"server_list":{"type":"string","description_kind":"plain","optional":true,"computed":true},"server_type":{"type":"string","description_kind":"plain","optional":true,"computed":true},"service_id":{"type":"string","description_kind":"plain","optional":true,"computed":true},"service_type":{"type":"string","description_kind":"plain","optional":true,"computed":true}},"description_kind":"plain"}},"fortios_system_zone":{"version":0,"block":{"attributes":{"id":{"type":"string","description_kind":"plain","optional":true,"computed":true},"intrazone":{"type":"string","description_kind":"plain","optional":true,"computed":true},"name":{"type":"string","description_kind":"plain","optional":true,"computed":true}},"block_types":{"interface":{"nesting_mode":"list","block":{"attributes":{"interface_name":{"type":"string","description_kind":"plain","optional":true,"computed":true}},"description_kind":"plain"}},"tagging":{"nesting_mode":"list","block":{"attributes":{"category":{"type":"string","description_kind":"plain","optional":true,"computed":true},"name":{"type":"string","description_kind":"plain","optional":true,"computed":true}},"block_types":{"tags":{"nesting_mode":"list","block":{"attributes":{"name":{"type":"string","description_kind":"plain","optional":true,"computed":true}},"description_kind":"plain"}}},"description_kind":"plain"}}},"description_kind":"plain"}},"fortios_systemautoupdate_pushupdate":{"version":0,"block":{"attributes":{"address":{"type":"string","description_kind":"plain","required":true},"id":{"type":"string","description_kind":"plain","optional":true,"computed":true},"override":{"type":"string","description_kind":"plain","required":true},"port":{"type":"number","description_kind":"plain","required":true},"status":{"type":"string","description_kind":"plain","required":true}},"description_kind":"plain"}},"fortios_systemautoupdate_schedule":{"version":0,"block":{"attributes":{"day":{"type":"string","description_kind":"plain","optional":true,"computed":true},"frequency":{"type":"string","description_kind":"plain","required":true},"id":{"type":"string","description_kind":"plain","optional":true,"computed":true},"status":{"type":"string","description_kind":"plain","required":true},"time":{"type":"string","description_kind":"plain","required":true}},"description_kind":"plain"}},"fortios_systemautoupdate_tunneling":{"version":0,"block":{"attributes":{"address":{"type":"string","description_kind":"plain","optional":true,"computed":true},"id":{"type":"string","description_kind":"plain","optional":true,"computed":true},"password":{"type":"string","description_kind":"plain","optional":true},"port":{"type":"number","description_kind":"plain","optional":true,"computed":true},"status":{"type":"string","description_kind":"plain","optional":true,"computed":true},"username":{"type":"string","description_kind":"plain","optional":true,"computed":true}},"description_kind":"plain"}},"fortios_systemdhcp6_server":{"version":0,"block":{"attributes":{"dns_search_list":{"type":"string","description_kind":"plain","optional":true,"computed":true},"dns_server1":{"type":"string","description_kind":"plain","optional":true,"computed":true},"dns_server2":{"type":"string","description_kind":"plain","optional":true,"computed":true},"dns_server3":{"type":"string","description_kind":"plain","optional":true,"computed":true},"dns_service":{"type":"string","description_kind":"plain","optional":true,"computed":true},"domain":{"type":"string","description_kind":"plain","optional":true,"computed":true},"fosid":{"type":"number","description_kind":"plain","required":true},"id":{"type":"string","description_kind":"plain","optional":true,"computed":true},"interface":{"type":"string","description_kind":"plain","required":true},"ip_mode":{"type":"string","description_kind":"plain","optional":true,"computed":true},"lease_time":{"type":"number","description_kind":"plain","optional":true,"computed":true},"option1":{"type":"string","description_kind":"plain","optional":true,"computed":true},"option2":{"type":"string","description_kind":"plain","optional":true,"computed":true},"option3":{"type":"string","description_kind":"plain","optional":true,"computed":true},"rapid_commit":{"type":"string","description_kind":"plain","optional":true,"computed":true},"status":{"type":"string","description_kind":"plain","optional":true,"computed":true},"subnet":{"type":"string","description_kind":"plain","required":true},"upstream_interface":{"type":"string","description_kind":"plain","optional":true,"computed":true}},"block_types":{"ip_range":{"nesting_mode":"list","block":{"attributes":{"end_ip":{"type":"string","description_kind":"plain","optional":true,"computed":true},"id":{"type":"number","description_kind":"plain","optional":true,"computed":true},"start_ip":{"type":"string","description_kind":"plain","optional":true,"computed":true}},"description_kind":"plain"}},"prefix_range":{"nesting_mode":"list","block":{"attributes":{"end_prefix":{"type":"string","description_kind":"plain","optional":true,"computed":true},"id":{"type":"number","description_kind":"plain","optional":true,"computed":true},"prefix_length":{"type":"number","description_kind":"plain","optional":true,"computed":true},"start_prefix":{"type":"string","description_kind":"plain","optional":true,"computed":true}},"description_kind":"plain"}}},"description_kind":"plain"}},"fortios_systemdhcp_server":{"version":0,"block":{"attributes":{"auto_configuration":{"type":"string","description_kind":"plain","optional":true,"computed":true},"conflicted_ip_timeout":{"type":"number","description_kind":"plain","optional":true,"computed":true},"ddns_auth":{"type":"string","description_kind":"plain","optional":true,"computed":true},"ddns_key":{"type":"string","description_kind":"plain","optional":true,"computed":true},"ddns_keyname":{"type":"string","description_kind":"plain","optional":true,"computed":true},"ddns_server_ip":{"type":"string","description_kind":"plain","optional":true,"computed":true},"ddns_ttl":{"type":"number","description_kind":"plain","optional":true,"computed":true},"ddns_update":{"type":"string","description_kind":"plain","optional":true,"computed":true},"ddns_update_override":{"type":"string","description_kind":"plain","optional":true,"computed":true},"ddns_zone":{"type":"string","description_kind":"plain","optional":true,"computed":true},"default_gateway":{"type":"string","description_kind":"plain","optional":true,"computed":true},"dns_server1":{"type":"string","description_kind":"plain","optional":true,"computed":true},"dns_server2":{"type":"string","description_kind":"plain","optional":true,"computed":true},"dns_server3":{"type":"string","description_kind":"plain","optional":true,"computed":true},"dns_service":{"type":"string","description_kind":"plain","optional":true,"computed":true},"domain":{"type":"string","description_kind":"plain","optional":true,"computed":true},"filename":{"type":"string","description_kind":"plain","optional":true,"computed":true},"forticlient_on_net_status":{"type":"string","description_kind":"plain","optional":true,"computed":true},"fosid":{"type":"number","description_kind":"plain","required":true},"id":{"type":"string","description_kind":"plain","optional":true,"computed":true},"interface":{"type":"string","description_kind":"plain","required":true},"ip_mode":{"type":"string","description_kind":"plain","optional":true,"computed":true},"ipsec_lease_hold":{"type":"number","description_kind":"plain","optional":true,"computed":true},"lease_time":{"type":"number","description_kind":"plain","optional":true,"computed":true},"mac_acl_default_action":{"type":"string","description_kind":"plain","optional":true,"computed":true},"netmask":{"type":"string","description_kind":"plain","required":true},"next_server":{"type":"string","description_kind":"plain","optional":true,"computed":true},"ntp_server1":{"type":"string","description_kind":"plain","optional":true,"computed":true},"ntp_server2":{"type":"string","description_kind":"plain","optional":true,"computed":true},"ntp_server3":{"type":"string","description_kind":"plain","optional":true,"computed":true},"ntp_service":{"type":"string","description_kind":"plain","optional":true,"computed":true},"server_type":{"type":"string","description_kind":"plain","optional":true,"computed":true},"status":{"type":"string","description_kind":"plain","optional":true,"computed":true},"timezone":{"type":"string","description_kind":"plain","optional":true,"computed":true},"timezone_option":{"type":"string","description_kind":"plain","optional":true,"computed":true},"vci_match":{"type":"string","description_kind":"plain","optional":true,"computed":true},"wifi_ac1":{"type":"string","description_kind":"plain","optional":true,"computed":true},"wifi_ac2":{"type":"string","description_kind":"plain","optional":true,"computed":true},"wifi_ac3":{"type":"string","description_kind":"plain","optional":true,"computed":true},"wins_server1":{"type":"string","description_kind":"plain","optional":true,"computed":true},"wins_server2":{"type":"string","description_kind":"plain","optional":true,"computed":true}},"block_types":{"exclude_range":{"nesting_mode":"list","block":{"attributes":{"end_ip":{"type":"string","description_kind":"plain","optional":true,"computed":true},"id":{"type":"number","description_kind":"plain","optional":true,"computed":true},"start_ip":{"type":"string","description_kind":"plain","optional":true,"computed":true}},"description_kind":"plain"}},"ip_range":{"nesting_mode":"list","block":{"attributes":{"end_ip":{"type":"string","description_kind":"plain","optional":true,"computed":true},"id":{"type":"number","description_kind":"plain","optional":true,"computed":true},"start_ip":{"type":"string","description_kind":"plain","optional":true,"computed":true}},"description_kind":"plain"}},"options":{"nesting_mode":"list","block":{"attributes":{"code":{"type":"number","description_kind":"plain","optional":true,"computed":true},"id":{"type":"number","description_kind":"plain","optional":true,"computed":true},"ip":{"type":"string","description_kind":"plain","optional":true,"computed":true},"type":{"type":"string","description_kind":"plain","optional":true,"computed":true},"value":{"type":"string","description_kind":"plain","optional":true,"computed":true}},"description_kind":"plain"}},"reserved_address":{"nesting_mode":"list","block":{"attributes":{"action":{"type":"string","description_kind":"plain","optional":true,"computed":true},"circuit_id":{"type":"string","description_kind":"plain","optional":true,"computed":true},"description":{"type":"string","description_kind":"plain","optional":true},"id":{"type":"number","description_kind":"plain","optional":true,"computed":true},"ip":{"type":"string","description_kind":"plain","optional":true,"computed":true},"mac":{"type":"string","description_kind":"plain","optional":true,"computed":true},"remote_id":{"type":"string","description_kind":"plain","optional":true,"computed":true},"type":{"type":"string","description_kind":"plain","optional":true,"computed":true}},"description_kind":"plain"}},"tftp_server":{"nesting_mode":"list","block":{"attributes":{"tftp_server":{"type":"string","description_kind":"plain","optional":true,"computed":true}},"description_kind":"plain"}},"vci_string":{"nesting_mode":"list","block":{"attributes":{"vci_string":{"type":"string","description_kind":"plain","optional":true,"computed":true}},"description_kind":"plain"}}},"description_kind":"plain"}},"fortios_systemlldp_networkpolicy":{"version":0,"block":{"attributes":{"comment":{"type":"string","description_kind":"plain","optional":true},"id":{"type":"string","description_kind":"plain","optional":true,"computed":true},"name":{"type":"string","description_kind":"plain","required":true}},"block_types":{"guest":{"nesting_mode":"list","block":{"attributes":{"dscp":{"type":"number","description_kind":"plain","optional":true,"computed":true},"priority":{"type":"number","description_kind":"plain","optional":true,"computed":true},"status":{"type":"string","description_kind":"plain","optional":true,"computed":true},"tag":{"type":"string","description_kind":"plain","optional":true,"computed":true},"vlan":{"type":"number","description_kind":"plain","optional":true,"computed":true}},"description_kind":"plain"},"max_items":1},"guest_voice_signaling":{"nesting_mode":"list","block":{"attributes":{"dscp":{"type":"number","description_kind":"plain","optional":true,"computed":true},"priority":{"type":"number","description_kind":"plain","optional":true,"computed":true},"status":{"type":"string","description_kind":"plain","optional":true,"computed":true},"tag":{"type":"string","description_kind":"plain","optional":true,"computed":true},"vlan":{"type":"number","description_kind":"plain","optional":true,"computed":true}},"description_kind":"plain"},"max_items":1},"softphone":{"nesting_mode":"list","block":{"attributes":{"dscp":{"type":"number","description_kind":"plain","optional":true,"computed":true},"priority":{"type":"number","description_kind":"plain","optional":true,"computed":true},"status":{"type":"string","description_kind":"plain","optional":true,"computed":true},"tag":{"type":"string","description_kind":"plain","optional":true,"computed":true},"vlan":{"type":"number","description_kind":"plain","optional":true,"computed":true}},"description_kind":"plain"},"max_items":1},"streaming_video":{"nesting_mode":"list","block":{"attributes":{"dscp":{"type":"number","description_kind":"plain","optional":true,"computed":true},"priority":{"type":"number","description_kind":"plain","optional":true,"computed":true},"status":{"type":"string","description_kind":"plain","optional":true,"computed":true},"tag":{"type":"string","description_kind":"plain","optional":true,"computed":true},"vlan":{"type":"number","description_kind":"plain","optional":true,"computed":true}},"description_kind":"plain"},"max_items":1},"video_conferencing":{"nesting_mode":"list","block":{"attributes":{"dscp":{"type":"number","description_kind":"plain","optional":true,"computed":true},"priority":{"type":"number","description_kind":"plain","optional":true,"computed":true},"status":{"type":"string","description_kind":"plain","optional":true,"computed":true},"tag":{"type":"string","description_kind":"plain","optional":true,"computed":true},"vlan":{"type":"number","description_kind":"plain","optional":true,"computed":true}},"description_kind":"plain"},"max_items":1},"video_signaling":{"nesting_mode":"list","block":{"attributes":{"dscp":{"type":"number","description_kind":"plain","optional":true,"computed":true},"priority":{"type":"number","description_kind":"plain","optional":true,"computed":true},"status":{"type":"string","description_kind":"plain","optional":true,"computed":true},"tag":{"type":"string","description_kind":"plain","optional":true,"computed":true},"vlan":{"type":"number","description_kind":"plain","optional":true,"computed":true}},"description_kind":"plain"},"max_items":1},"voice":{"nesting_mode":"list","block":{"attributes":{"dscp":{"type":"number","description_kind":"plain","optional":true,"computed":true},"priority":{"type":"number","description_kind":"plain","optional":true,"computed":true},"status":{"type":"string","description_kind":"plain","optional":true,"computed":true},"tag":{"type":"string","description_kind":"plain","optional":true,"computed":true},"vlan":{"type":"number","description_kind":"plain","optional":true,"computed":true}},"description_kind":"plain"},"max_items":1},"voice_signaling":{"nesting_mode":"list","block":{"attributes":{"dscp":{"type":"number","description_kind":"plain","optional":true,"computed":true},"priority":{"type":"number","description_kind":"plain","optional":true,"computed":true},"status":{"type":"string","description_kind":"plain","optional":true,"computed":true},"tag":{"type":"string","description_kind":"plain","optional":true,"computed":true},"vlan":{"type":"number","description_kind":"plain","optional":true,"computed":true}},"description_kind":"plain"},"max_items":1}},"description_kind":"plain"}},"fortios_systemreplacemsg_admin":{"version":0,"block":{"attributes":{"buffer":{"type":"string","description_kind":"plain","optional":true},"format":{"type":"string","description_kind":"plain","optional":true,"computed":true},"header":{"type":"string","description_kind":"plain","optional":true,"computed":true},"id":{"type":"string","description_kind":"plain","optional":true,"computed":true},"msg_type":{"type":"string","description_kind":"plain","required":true}},"description_kind":"plain"}},"fortios_systemreplacemsg_alertmail":{"version":0,"block":{"attributes":{"buffer":{"type":"string","description_kind":"plain","optional":true},"format":{"type":"string","description_kind":"plain","optional":true,"computed":true},"header":{"type":"string","description_kind":"plain","optional":true,"computed":true},"id":{"type":"string","description_kind":"plain","optional":true,"computed":true},"msg_type":{"type":"string","description_kind":"plain","required":true}},"description_kind":"plain"}},"fortios_systemreplacemsg_auth":{"version":0,"block":{"attributes":{"buffer":{"type":"string","description_kind":"plain","optional":true},"format":{"type":"string","description_kind":"plain","optional":true,"computed":true},"header":{"type":"string","description_kind":"plain","optional":true,"computed":true},"id":{"type":"string","description_kind":"plain","optional":true,"computed":true},"msg_type":{"type":"string","description_kind":"plain","required":true}},"description_kind":"plain"}},"fortios_systemreplacemsg_devicedetectionportal":{"version":0,"block":{"attributes":{"buffer":{"type":"string","description_kind":"plain","optional":true},"format":{"type":"string","description_kind":"plain","optional":true,"computed":true},"header":{"type":"string","description_kind":"plain","optional":true,"computed":true},"id":{"type":"string","description_kind":"plain","optional":true,"computed":true},"msg_type":{"type":"string","description_kind":"plain","required":true}},"description_kind":"plain"}},"fortios_systemreplacemsg_ec":{"version":0,"block":{"attributes":{"buffer":{"type":"string","description_kind":"plain","optional":true},"format":{"type":"string","description_kind":"plain","optional":true,"computed":true},"header":{"type":"string","description_kind":"plain","optional":true,"computed":true},"id":{"type":"string","description_kind":"plain","optional":true,"computed":true},"msg_type":{"type":"string","description_kind":"plain","required":true}},"description_kind":"plain"}},"fortios_systemreplacemsg_fortiguardwf":{"version":0,"block":{"attributes":{"buffer":{"type":"string","description_kind":"plain","optional":true},"format":{"type":"string","description_kind":"plain","optional":true,"computed":true},"header":{"type":"string","description_kind":"plain","optional":true,"computed":true},"id":{"type":"string","description_kind":"plain","optional":true,"computed":true},"msg_type":{"type":"string","description_kind":"plain","required":true}},"description_kind":"plain"}},"fortios_systemreplacemsg_ftp":{"version":0,"block":{"attributes":{"buffer":{"type":"string","description_kind":"plain","optional":true},"format":{"type":"string","description_kind":"plain","optional":true,"computed":true},"header":{"type":"string","description_kind":"plain","optional":true,"computed":true},"id":{"type":"string","description_kind":"plain","optional":true,"computed":true},"msg_type":{"type":"string","description_kind":"plain","required":true}},"description_kind":"plain"}},"fortios_systemreplacemsg_http":{"version":0,"block":{"attributes":{"buffer":{"type":"string","description_kind":"plain","optional":true},"format":{"type":"string","description_kind":"plain","optional":true,"computed":true},"header":{"type":"string","description_kind":"plain","optional":true,"computed":true},"id":{"type":"string","description_kind":"plain","optional":true,"computed":true},"msg_type":{"type":"string","description_kind":"plain","required":true}},"description_kind":"plain"}},"fortios_systemreplacemsg_icap":{"version":0,"block":{"attributes":{"buffer":{"type":"string","description_kind":"plain","optional":true},"format":{"type":"string","description_kind":"plain","optional":true,"computed":true},"header":{"type":"string","description_kind":"plain","optional":true,"computed":true},"id":{"type":"string","description_kind":"plain","optional":true,"computed":true},"msg_type":{"type":"string","description_kind":"plain","required":true}},"description_kind":"plain"}},"fortios_systemreplacemsg_mail":{"version":0,"block":{"attributes":{"buffer":{"type":"string","description_kind":"plain","optional":true},"format":{"type":"string","description_kind":"plain","optional":true,"computed":true},"header":{"type":"string","description_kind":"plain","optional":true,"computed":true},"id":{"type":"string","description_kind":"plain","optional":true,"computed":true},"msg_type":{"type":"string","description_kind":"plain","required":true}},"description_kind":"plain"}},"fortios_systemreplacemsg_nacquar":{"version":0,"block":{"attributes":{"buffer":{"type":"string","description_kind":"plain","optional":true},"format":{"type":"string","description_kind":"plain","optional":true,"computed":true},"header":{"type":"string","description_kind":"plain","optional":true,"computed":true},"id":{"type":"string","description_kind":"plain","optional":true,"computed":true},"msg_type":{"type":"string","description_kind":"plain","required":true}},"description_kind":"plain"}},"fortios_systemreplacemsg_nntp":{"version":0,"block":{"attributes":{"buffer":{"type":"string","description_kind":"plain","optional":true},"format":{"type":"string","description_kind":"plain","optional":true,"computed":true},"header":{"type":"string","description_kind":"plain","optional":true,"computed":true},"id":{"type":"string","description_kind":"plain","optional":true,"computed":true},"msg_type":{"type":"string","description_kind":"plain","required":true}},"description_kind":"plain"}},"fortios_systemreplacemsg_spam":{"version":0,"block":{"attributes":{"buffer":{"type":"string","description_kind":"plain","optional":true},"format":{"type":"string","description_kind":"plain","optional":true,"computed":true},"header":{"type":"string","description_kind":"plain","optional":true,"computed":true},"id":{"type":"string","description_kind":"plain","optional":true,"computed":true},"msg_type":{"type":"string","description_kind":"plain","required":true}},"description_kind":"plain"}},"fortios_systemreplacemsg_sslvpn":{"version":0,"block":{"attributes":{"buffer":{"type":"string","description_kind":"plain","optional":true},"format":{"type":"string","description_kind":"plain","optional":true,"computed":true},"header":{"type":"string","description_kind":"plain","optional":true,"computed":true},"id":{"type":"string","description_kind":"plain","optional":true,"computed":true},"msg_type":{"type":"string","description_kind":"plain","required":true}},"description_kind":"plain"}},"fortios_systemreplacemsg_trafficquota":{"version":0,"block":{"attributes":{"buffer":{"type":"string","description_kind":"plain","optional":true},"format":{"type":"string","description_kind":"plain","optional":true,"computed":true},"header":{"type":"string","description_kind":"plain","optional":true,"computed":true},"id":{"type":"string","description_kind":"plain","optional":true,"computed":true},"msg_type":{"type":"string","description_kind":"plain","required":true}},"description_kind":"plain"}},"fortios_systemreplacemsg_utm":{"version":0,"block":{"attributes":{"buffer":{"type":"string","description_kind":"plain","optional":true},"format":{"type":"string","description_kind":"plain","optional":true,"computed":true},"header":{"type":"string","description_kind":"plain","optional":true,"computed":true},"id":{"type":"string","description_kind":"plain","optional":true,"computed":true},"msg_type":{"type":"string","description_kind":"plain","required":true}},"description_kind":"plain"}},"fortios_systemreplacemsg_webproxy":{"version":0,"block":{"attributes":{"buffer":{"type":"string","description_kind":"plain","optional":true},"format":{"type":"string","description_kind":"plain","optional":true,"computed":true},"header":{"type":"string","description_kind":"plain","optional":true,"computed":true},"id":{"type":"string","description_kind":"plain","optional":true,"computed":true},"msg_type":{"type":"string","description_kind":"plain","required":true}},"description_kind":"plain"}},"fortios_systemsnmp_community":{"version":0,"block":{"attributes":{"events":{"type":"string","description_kind":"plain","optional":true,"computed":true},"fosid":{"type":"number","description_kind":"plain","required":true},"id":{"type":"string","description_kind":"plain","optional":true,"computed":true},"name":{"type":"string","description_kind":"plain","required":true},"query_v1_port":{"type":"number","description_kind":"plain","optional":true,"computed":true},"query_v1_status":{"type":"string","description_kind":"plain","optional":true,"computed":true},"query_v2c_port":{"type":"number","description_kind":"plain","optional":true,"computed":true},"query_v2c_status":{"type":"string","description_kind":"plain","optional":true,"computed":true},"status":{"type":"string","description_kind":"plain","optional":true,"computed":true},"trap_v1_lport":{"type":"number","description_kind":"plain","optional":true,"computed":true},"trap_v1_rport":{"type":"number","description_kind":"plain","optional":true,"computed":true},"trap_v1_status":{"type":"string","description_kind":"plain","optional":true,"computed":true},"trap_v2c_lport":{"type":"number","description_kind":"plain","optional":true,"computed":true},"trap_v2c_rport":{"type":"number","description_kind":"plain","optional":true,"computed":true},"trap_v2c_status":{"type":"string","description_kind":"plain","optional":true,"computed":true}},"block_types":{"hosts":{"nesting_mode":"list","block":{"attributes":{"ha_direct":{"type":"string","description_kind":"plain","optional":true,"computed":true},"host_type":{"type":"string","description_kind":"plain","optional":true,"computed":true},"id":{"type":"number","description_kind":"plain","optional":true,"computed":true},"ip":{"type":"string","description_kind":"plain","optional":true,"computed":true},"source_ip":{"type":"string","description_kind":"plain","optional":true,"computed":true}},"description_kind":"plain"}},"hosts6":{"nesting_mode":"list","block":{"attributes":{"ha_direct":{"type":"string","description_kind":"plain","optional":true,"computed":true},"host_type":{"type":"string","description_kind":"plain","optional":true,"computed":true},"id":{"type":"number","description_kind":"plain","optional":true,"computed":true},"ipv6":{"type":"string","description_kind":"plain","optional":true,"computed":true},"source_ipv6":{"type":"string","description_kind":"plain","optional":true,"computed":true}},"description_kind":"plain"}}},"description_kind":"plain"}},"fortios_systemsnmp_sysinfo":{"version":0,"block":{"attributes":{"contact_info":{"type":"string","description_kind":"plain","optional":true},"description":{"type":"string","description_kind":"plain","optional":true},"engine_id":{"type":"string","description_kind":"plain","optional":true,"computed":true},"id":{"type":"string","description_kind":"plain","optional":true,"computed":true},"location":{"type":"string","description_kind":"plain","optional":true},"status":{"type":"string","description_kind":"plain","optional":true,"computed":true},"trap_high_cpu_threshold":{"type":"number","description_kind":"plain","optional":true,"computed":true},"trap_log_full_threshold":{"type":"number","description_kind":"plain","optional":true,"computed":true},"trap_low_memory_threshold":{"type":"number","description_kind":"plain","optional":true,"computed":true}},"description_kind":"plain"}},"fortios_systemsnmp_user":{"version":0,"block":{"attributes":{"auth_proto":{"type":"string","description_kind":"plain","optional":true,"computed":true},"auth_pwd":{"type":"string","description_kind":"plain","optional":true},"events":{"type":"string","description_kind":"plain","optional":true,"computed":true},"ha_direct":{"type":"string","description_kind":"plain","optional":true,"computed":true},"id":{"type":"string","description_kind":"plain","optional":true,"computed":true},"name":{"type":"string","description_kind":"plain","required":true},"notify_hosts":{"type":"string","description_kind":"plain","optional":true,"computed":true},"notify_hosts6":{"type":"string","description_kind":"plain","optional":true,"computed":true},"priv_proto":{"type":"string","description_kind":"plain","optional":true,"computed":true},"priv_pwd":{"type":"string","description_kind":"plain","optional":true},"queries":{"type":"string","description_kind":"plain","optional":true,"computed":true},"query_port":{"type":"number","description_kind":"plain","optional":true,"computed":true},"security_level":{"type":"string","description_kind":"plain","optional":true,"computed":true},"source_ip":{"type":"string","description_kind":"plain","optional":true,"computed":true},"source_ipv6":{"type":"string","description_kind":"plain","optional":true,"computed":true},"status":{"type":"string","description_kind":"plain","optional":true,"computed":true},"trap_lport":{"type":"number","description_kind":"plain","optional":true,"computed":true},"trap_rport":{"type":"number","description_kind":"plain","optional":true,"computed":true},"trap_status":{"type":"string","description_kind":"plain","optional":true,"computed":true}},"description_kind":"plain"}},"fortios_user_adgrp":{"version":0,"block":{"attributes":{"id":{"type":"string","description_kind":"plain","optional":true,"computed":true},"name":{"type":"string","description_kind":"plain","required":true},"server_name":{"type":"string","description_kind":"plain","optional":true,"computed":true}},"description_kind":"plain"}},"fortios_user_device":{"version":0,"block":{"attributes":{"alias":{"type":"string","description_kind":"plain","optional":true,"computed":true},"avatar":{"type":"string","description_kind":"plain","optional":true},"category":{"type":"string","description_kind":"plain","optional":true,"computed":true},"comment":{"type":"string","description_kind":"plain","optional":true},"id":{"type":"string","description_kind":"plain","optional":true,"computed":true},"mac":{"type":"string","description_kind":"plain","optional":true,"computed":true},"master_device":{"type":"string","description_kind":"plain","optional":true,"computed":true},"type":{"type":"string","description_kind":"plain","optional":true,"computed":true},"user":{"type":"string","description_kind":"plain","optional":true,"computed":true}},"block_types":{"tagging":{"nesting_mode":"list","block":{"attributes":{"category":{"type":"string","description_kind":"plain","optional":true,"computed":true},"name":{"type":"string","description_kind":"plain","optional":true,"computed":true}},"block_types":{"tags":{"nesting_mode":"list","block":{"attributes":{"name":{"type":"string","description_kind":"plain","optional":true,"computed":true}},"description_kind":"plain"}}},"description_kind":"plain"}}},"description_kind":"plain"}},"fortios_user_deviceaccesslist":{"version":0,"block":{"attributes":{"default_action":{"type":"string","description_kind":"plain","optional":true,"computed":true},"id":{"type":"string","description_kind":"plain","optional":true,"computed":true},"name":{"type":"string","description_kind":"plain","required":true}},"block_types":{"device_list":{"nesting_mode":"list","block":{"attributes":{"action":{"type":"string","description_kind":"plain","optional":true,"computed":true},"device":{"type":"string","description_kind":"plain","optional":true,"computed":true},"id":{"type":"number","description_kind":"plain","optional":true,"computed":true}},"description_kind":"plain"}}},"description_kind":"plain"}},"fortios_user_devicecategory":{"version":0,"block":{"attributes":{"comment":{"type":"string","description_kind":"plain","optional":true},"desc":{"type":"string","description_kind":"plain","optional":true},"id":{"type":"string","description_kind":"plain","optional":true,"computed":true},"name":{"type":"string","description_kind":"plain","required":true}},"description_kind":"plain"}},"fortios_user_devicegroup":{"version":0,"block":{"attributes":{"comment":{"type":"string","description_kind":"plain","optional":true},"id":{"type":"string","description_kind":"plain","optional":true,"computed":true},"name":{"type":"string","description_kind":"plain","required":true}},"block_types":{"member":{"nesting_mode":"list","block":{"attributes":{"name":{"type":"string","description_kind":"plain","optional":true,"computed":true}},"description_kind":"plain"}},"tagging":{"nesting_mode":"list","block":{"attributes":{"category":{"type":"string","description_kind":"plain","optional":true,"computed":true},"name":{"type":"string","description_kind":"plain","optional":true,"computed":true}},"block_types":{"tags":{"nesting_mode":"list","block":{"attributes":{"name":{"type":"string","description_kind":"plain","optional":true,"computed":true}},"description_kind":"plain"}}},"description_kind":"plain"}}},"description_kind":"plain"}},"fortios_user_domaincontroller":{"version":0,"block":{"attributes":{"domain_name":{"type":"string","description_kind":"plain","optional":true,"computed":true},"id":{"type":"string","description_kind":"plain","optional":true,"computed":true},"ip_address":{"type":"string","description_kind":"plain","required":true},"ldap_server":{"type":"string","description_kind":"plain","required":true},"name":{"type":"string","description_kind":"plain","optional":true,"computed":true},"port":{"type":"number","description_kind":"plain","optional":true,"computed":true}},"block_types":{"extra_server":{"nesting_mode":"list","block":{"attributes":{"id":{"type":"number","description_kind":"plain","optional":true,"computed":true},"ip_address":{"type":"string","description_kind":"plain","optional":true,"computed":true},"port":{"type":"number","description_kind":"plain","optional":true,"computed":true}},"description_kind":"plain"}}},"description_kind":"plain"}},"fortios_user_fortitoken":{"version":0,"block":{"attributes":{"activation_code":{"type":"string","description_kind":"plain","optional":true,"computed":true},"activation_expire":{"type":"number","description_kind":"plain","optional":true,"computed":true},"comments":{"type":"string","description_kind":"plain","optional":true},"id":{"type":"string","description_kind":"plain","optional":true,"computed":true},"license":{"type":"string","description_kind":"plain","optional":true,"computed":true},"os_ver":{"type":"string","description_kind":"plain","optional":true,"computed":true},"reg_id":{"type":"string","description_kind":"plain","optional":true,"computed":true},"seed":{"type":"string","description_kind":"plain","optional":true,"computed":true},"serial_number":{"type":"string","description_kind":"plain","optional":true,"computed":true},"status":{"type":"string","description_kind":"plain","optional":true,"computed":true}},"description_kind":"plain"}},"fortios_user_fsso":{"version":0,"block":{"attributes":{"id":{"type":"string","description_kind":"plain","optional":true,"computed":true},"ldap_server":{"type":"string","description_kind":"plain","optional":true,"computed":true},"name":{"type":"string","description_kind":"plain","required":true},"password":{"type":"string","description_kind":"plain","optional":true},"password2":{"type":"string","description_kind":"plain","optional":true},"password3":{"type":"string","description_kind":"plain","optional":true},"password4":{"type":"string","description_kind":"plain","optional":true},"password5":{"type":"string","description_kind":"plain","optional":true},"port":{"type":"number","description_kind":"plain","required":true},"port2":{"type":"number","description_kind":"plain","optional":true,"computed":true},"port3":{"type":"number","description_kind":"plain","optional":true,"computed":true},"port4":{"type":"number","description_kind":"plain","optional":true,"computed":true},"port5":{"type":"number","description_kind":"plain","optional":true,"computed":true},"server":{"type":"string","description_kind":"plain","required":true},"server2":{"type":"string","description_kind":"plain","optional":true,"computed":true},"server3":{"type":"string","description_kind":"plain","optional":true,"computed":true},"server4":{"type":"string","description_kind":"plain","optional":true,"computed":true},"server5":{"type":"string","description_kind":"plain","optional":true,"computed":true},"source_ip":{"type":"string","description_kind":"plain","optional":true,"computed":true},"source_ip6":{"type":"string","description_kind":"plain","optional":true,"computed":true}},"description_kind":"plain"}},"fortios_user_fssopolling":{"version":0,"block":{"attributes":{"default_domain":{"type":"string","description_kind":"plain","optional":true,"computed":true},"fosid":{"type":"number","description_kind":"plain","optional":true,"computed":true},"id":{"type":"string","description_kind":"plain","optional":true,"computed":true},"ldap_server":{"type":"string","description_kind":"plain","required":true},"logon_history":{"type":"number","description_kind":"plain","optional":true,"computed":true},"password":{"type":"string","description_kind":"plain","optional":true},"polling_frequency":{"type":"number","description_kind":"plain","optional":true,"computed":true},"port":{"type":"number","description_kind":"plain","optional":true,"computed":true},"server":{"type":"string","description_kind":"plain","required":true},"smb_ntlmv1_auth":{"type":"string","description_kind":"plain","optional":true,"computed":true},"smbv1":{"type":"string","description_kind":"plain","optional":true,"computed":true},"status":{"type":"string","description_kind":"plain","optional":true,"computed":true},"user":{"type":"string","description_kind":"plain","required":true}},"block_types":{"adgrp":{"nesting_mode":"list","block":{"attributes":{"name":{"type":"string","description_kind":"plain","optional":true,"computed":true}},"description_kind":"plain"}}},"description_kind":"plain"}},"fortios_user_group":{"version":0,"block":{"attributes":{"auth_concurrent_override":{"type":"string","description_kind":"plain","optional":true,"computed":true},"auth_concurrent_value":{"type":"number","description_kind":"plain","optional":true,"computed":true},"authtimeout":{"type":"number","description_kind":"plain","optional":true,"computed":true},"company":{"type":"string","description_kind":"plain","optional":true,"computed":true},"email":{"type":"string","description_kind":"plain","optional":true,"computed":true},"expire":{"type":"number","description_kind":"plain","optional":true,"computed":true},"expire_type":{"type":"string","description_kind":"plain","optional":true,"computed":true},"fosid":{"type":"number","description_kind":"plain","optional":true,"computed":true},"group_type":{"type":"string","description_kind":"plain","optional":true,"computed":true},"http_digest_realm":{"type":"string","description_kind":"plain","optional":true,"computed":true},"id":{"type":"string","description_kind":"plain","optional":true,"computed":true},"max_accounts":{"type":"number","description_kind":"plain","optional":true,"computed":true},"mobile_phone":{"type":"string","description_kind":"plain","optional":true,"computed":true},"multiple_guest_add":{"type":"string","description_kind":"plain","optional":true,"computed":true},"name":{"type":"string","description_kind":"plain","optional":true,"computed":true},"password":{"type":"string","description_kind":"plain","optional":true,"computed":true},"sms_custom_server":{"type":"string","description_kind":"plain","optional":true,"computed":true},"sms_server":{"type":"string","description_kind":"plain","optional":true,"computed":true},"sponsor":{"type":"string","description_kind":"plain","optional":true,"computed":true},"sso_attribute_value":{"type":"string","description_kind":"plain","optional":true,"computed":true},"user_id":{"type":"string","description_kind":"plain","optional":true,"computed":true},"user_name":{"type":"string","description_kind":"plain","optional":true,"computed":true}},"block_types":{"guest":{"nesting_mode":"list","block":{"attributes":{"comment":{"type":"string","description_kind":"plain","optional":true},"company":{"type":"string","description_kind":"plain","optional":true,"computed":true},"email":{"type":"string","description_kind":"plain","optional":true,"computed":true},"expiration":{"type":"string","description_kind":"plain","optional":true,"computed":true},"mobile_phone":{"type":"string","description_kind":"plain","optional":true,"computed":true},"name":{"type":"string","description_kind":"plain","optional":true,"computed":true},"password":{"type":"string","description_kind":"plain","optional":true},"sponsor":{"type":"string","description_kind":"plain","optional":true,"computed":true},"user_id":{"type":"string","description_kind":"plain","optional":true,"computed":true}},"description_kind":"plain"}},"match":{"nesting_mode":"list","block":{"attributes":{"group_name":{"type":"string","description_kind":"plain","optional":true,"computed":true},"id":{"type":"number","description_kind":"plain","optional":true,"computed":true},"server_name":{"type":"string","description_kind":"plain","optional":true,"computed":true}},"description_kind":"plain"}},"member":{"nesting_mode":"list","block":{"attributes":{"name":{"type":"string","description_kind":"plain","optional":true,"computed":true}},"description_kind":"plain"}}},"description_kind":"plain"}},"fortios_user_krbkeytab":{"version":0,"block":{"attributes":{"id":{"type":"string","description_kind":"plain","optional":true,"computed":true},"keytab":{"type":"string","description_kind":"plain","required":true},"ldap_server":{"type":"string","description_kind":"plain","required":true},"name":{"type":"string","description_kind":"plain","optional":true,"computed":true},"principal":{"type":"string","description_kind":"plain","required":true}},"description_kind":"plain"}},"fortios_user_ldap":{"version":0,"block":{"attributes":{"account_key_filter":{"type":"string","description_kind":"plain","optional":true,"computed":true},"account_key_processing":{"type":"string","description_kind":"plain","optional":true,"computed":true},"ca_cert":{"type":"string","description_kind":"plain","optional":true,"computed":true},"cnid":{"type":"string","description_kind":"plain","optional":true,"computed":true},"dn":{"type":"string","description_kind":"plain","required":true},"group_filter":{"type":"string","description_kind":"plain","optional":true,"computed":true},"group_member_check":{"type":"string","description_kind":"plain","optional":true,"computed":true},"group_object_filter":{"type":"string","description_kind":"plain","optional":true,"computed":true},"group_search_base":{"type":"string","description_kind":"plain","optional":true,"computed":true},"id":{"type":"string","description_kind":"plain","optional":true,"computed":true},"member_attr":{"type":"string","description_kind":"plain","optional":true,"computed":true},"name":{"type":"string","description_kind":"plain","optional":true,"computed":true},"password":{"type":"string","description_kind":"plain","optional":true},"password_expiry_warning":{"type":"string","description_kind":"plain","optional":true,"computed":true},"password_renewal":{"type":"string","description_kind":"plain","optional":true,"computed":true},"port":{"type":"number","description_kind":"plain","optional":true,"computed":true},"search_type":{"type":"string","description_kind":"plain","optional":true,"computed":true},"secondary_server":{"type":"string","description_kind":"plain","optional":true,"computed":true},"secure":{"type":"string","description_kind":"plain","optional":true,"computed":true},"server":{"type":"string","description_kind":"plain","required":true},"server_identity_check":{"type":"string","description_kind":"plain","optional":true,"computed":true},"source_ip":{"type":"string","description_kind":"plain","optional":true,"computed":true},"ssl_min_proto_version":{"type":"string","description_kind":"plain","optional":true,"computed":true},"tertiary_server":{"type":"string","description_kind":"plain","optional":true,"computed":true},"type":{"type":"string","description_kind":"plain","optional":true,"computed":true},"username":{"type":"string","description_kind":"plain","optional":true,"computed":true}},"description_kind":"plain"}},"fortios_user_local":{"version":0,"block":{"attributes":{"auth_concurrent_override":{"type":"string","description_kind":"plain","optional":true,"computed":true},"auth_concurrent_value":{"type":"number","description_kind":"plain","optional":true,"computed":true},"authtimeout":{"type":"number","description_kind":"plain","optional":true,"computed":true},"email_to":{"type":"string","description_kind":"plain","optional":true,"computed":true},"fortitoken":{"type":"string","description_kind":"plain","optional":true,"computed":true},"fosid":{"type":"number","description_kind":"plain","optional":true,"computed":true},"id":{"type":"string","description_kind":"plain","optional":true,"computed":true},"ldap_server":{"type":"string","description_kind":"plain","optional":true,"computed":true},"name":{"type":"string","description_kind":"plain","optional":true,"computed":true},"passwd":{"type":"string","description_kind":"plain","optional":true},"passwd_policy":{"type":"string","description_kind":"plain","optional":true,"computed":true},"passwd_time":{"type":"string","description_kind":"plain","optional":true,"computed":true},"ppk_identity":{"type":"string","description_kind":"plain","optional":true,"computed":true},"ppk_secret":{"type":"string","description_kind":"plain","optional":true,"computed":true},"radius_server":{"type":"string","description_kind":"plain","optional":true,"computed":true},"sms_custom_server":{"type":"string","description_kind":"plain","optional":true,"computed":true},"sms_phone":{"type":"string","description_kind":"plain","optional":true,"computed":true},"sms_server":{"type":"string","description_kind":"plain","optional":true,"computed":true},"status":{"type":"string","description_kind":"plain","required":true},"tacacs_server":{"type":"string","description_kind":"plain","optional":true,"computed":true},"two_factor":{"type":"string","description_kind":"plain","optional":true,"computed":true},"type":{"type":"string","description_kind":"plain","required":true},"workstation":{"type":"string","description_kind":"plain","optional":true,"computed":true}},"description_kind":"plain"}},"fortios_user_passwordpolicy":{"version":0,"block":{"attributes":{"expire_days":{"type":"number","description_kind":"plain","optional":true,"computed":true},"id":{"type":"string","description_kind":"plain","optional":true,"computed":true},"name":{"type":"string","description_kind":"plain","optional":true,"computed":true},"warn_days":{"type":"number","description_kind":"plain","optional":true,"computed":true}},"description_kind":"plain"}},"fortios_user_peer":{"version":0,"block":{"attributes":{"ca":{"type":"string","description_kind":"plain","optional":true,"computed":true},"cn":{"type":"string","description_kind":"plain","optional":true,"computed":true},"cn_type":{"type":"string","description_kind":"plain","optional":true,"computed":true},"id":{"type":"string","description_kind":"plain","optional":true,"computed":true},"ldap_mode":{"type":"string","description_kind":"plain","optional":true,"computed":true},"ldap_password":{"type":"string","description_kind":"plain","optional":true},"ldap_server":{"type":"string","description_kind":"plain","optional":true,"computed":true},"ldap_username":{"type":"string","description_kind":"plain","optional":true,"computed":true},"mandatory_ca_verify":{"type":"string","description_kind":"plain","optional":true,"computed":true},"name":{"type":"string","description_kind":"plain","optional":true,"computed":true},"ocsp_override_server":{"type":"string","description_kind":"plain","optional":true,"computed":true},"passwd":{"type":"string","description_kind":"plain","optional":true},"subject":{"type":"string","description_kind":"plain","optional":true,"computed":true},"two_factor":{"type":"string","description_kind":"plain","optional":true,"computed":true}},"description_kind":"plain"}},"fortios_user_peergrp":{"version":0,"block":{"attributes":{"id":{"type":"string","description_kind":"plain","optional":true,"computed":true},"name":{"type":"string","description_kind":"plain","optional":true,"computed":true}},"block_types":{"member":{"nesting_mode":"list","block":{"attributes":{"name":{"type":"string","description_kind":"plain","optional":true,"computed":true}},"description_kind":"plain"}}},"description_kind":"plain"}},"fortios_user_pop3":{"version":0,"block":{"attributes":{"id":{"type":"string","description_kind":"plain","optional":true,"computed":true},"name":{"type":"string","description_kind":"plain","optional":true,"computed":true},"port":{"type":"number","description_kind":"plain","optional":true,"computed":true},"secure":{"type":"string","description_kind":"plain","optional":true,"computed":true},"server":{"type":"string","description_kind":"plain","required":true},"ssl_min_proto_version":{"type":"string","description_kind":"plain","optional":true,"computed":true}},"description_kind":"plain"}},"fortios_user_quarantine":{"version":0,"block":{"attributes":{"id":{"type":"string","description_kind":"plain","optional":true,"computed":true},"quarantine":{"type":"string","description_kind":"plain","optional":true,"computed":true},"traffic_policy":{"type":"string","description_kind":"plain","optional":true,"computed":true}},"block_types":{"targets":{"nesting_mode":"list","block":{"attributes":{"description":{"type":"string","description_kind":"plain","optional":true,"computed":true},"entry":{"type":"string","description_kind":"plain","optional":true,"computed":true}},"block_types":{"macs":{"nesting_mode":"list","block":{"attributes":{"description":{"type":"string","description_kind":"plain","optional":true,"computed":true},"entry_id":{"type":"number","description_kind":"plain","optional":true,"computed":true},"mac":{"type":"string","description_kind":"plain","optional":true,"computed":true},"parent":{"type":"string","description_kind":"plain","optional":true,"computed":true}},"description_kind":"plain"}}},"description_kind":"plain"}}},"description_kind":"plain"}},"fortios_user_radius":{"version":0,"block":{"attributes":{"acct_all_servers":{"type":"string","description_kind":"plain","optional":true,"computed":true},"acct_interim_interval":{"type":"number","description_kind":"plain","optional":true,"computed":true},"all_usergroup":{"type":"string","description_kind":"plain","optional":true,"computed":true},"auth_type":{"type":"string","description_kind":"plain","optional":true,"computed":true},"h3c_compatibility":{"type":"string","description_kind":"plain","optional":true,"computed":true},"id":{"type":"string","description_kind":"plain","optional":true,"computed":true},"name":{"type":"string","description_kind":"plain","optional":true,"computed":true},"nas_ip":{"type":"string","description_kind":"plain","optional":true,"computed":true},"password_encoding":{"type":"string","description_kind":"plain","optional":true,"computed":true},"password_renewal":{"type":"string","description_kind":"plain","optional":true,"computed":true},"radius_coa":{"type":"string","description_kind":"plain","optional":true,"computed":true},"radius_port":{"type":"number","description_kind":"plain","optional":true,"computed":true},"rsso":{"type":"string","description_kind":"plain","optional":true,"computed":true},"rsso_context_timeout":{"type":"number","description_kind":"plain","optional":true,"computed":true},"rsso_endpoint_attribute":{"type":"string","description_kind":"plain","optional":true,"computed":true},"rsso_endpoint_block_attribute":{"type":"string","description_kind":"plain","optional":true,"computed":true},"rsso_ep_one_ip_only":{"type":"string","description_kind":"plain","optional":true,"computed":true},"rsso_flush_ip_session":{"type":"string","description_kind":"plain","optional":true,"computed":true},"rsso_log_flags":{"type":"string","description_kind":"plain","optional":true,"computed":true},"rsso_log_period":{"type":"number","description_kind":"plain","optional":true,"computed":true},"rsso_radius_response":{"type":"string","description_kind":"plain","optional":true,"computed":true},"rsso_radius_server_port":{"type":"number","description_kind":"plain","optional":true,"computed":true},"rsso_secret":{"type":"string","description_kind":"plain","optional":true},"rsso_validate_request_secret":{"type":"string","description_kind":"plain","optional":true,"computed":true},"secondary_secret":{"type":"string","description_kind":"plain","optional":true},"secondary_server":{"type":"string","description_kind":"plain","optional":true,"computed":true},"secret":{"type":"string","description_kind":"plain","optional":true},"server":{"type":"string","description_kind":"plain","optional":true,"computed":true},"source_ip":{"type":"string","description_kind":"plain","optional":true,"computed":true},"sso_attribute":{"type":"string","description_kind":"plain","optional":true,"computed":true},"sso_attribute_key":{"type":"string","description_kind":"plain","optional":true,"computed":true},"sso_attribute_value_override":{"type":"string","description_kind":"plain","optional":true,"computed":true},"tertiary_secret":{"type":"string","description_kind":"plain","optional":true},"tertiary_server":{"type":"string","description_kind":"plain","optional":true,"computed":true},"timeout":{"type":"number","description_kind":"plain","optional":true,"computed":true},"use_management_vdom":{"type":"string","description_kind":"plain","optional":true,"computed":true},"username_case_sensitive":{"type":"string","description_kind":"plain","optional":true,"computed":true}},"block_types":{"accounting_server":{"nesting_mode":"list","block":{"attributes":{"id":{"type":"number","description_kind":"plain","optional":true,"computed":true},"port":{"type":"number","description_kind":"plain","optional":true,"computed":true},"secret":{"type":"string","description_kind":"plain","optional":true},"server":{"type":"string","description_kind":"plain","optional":true,"computed":true},"source_ip":{"type":"string","description_kind":"plain","optional":true,"computed":true},"status":{"type":"string","description_kind":"plain","optional":true,"computed":true}},"description_kind":"plain"}},"class":{"nesting_mode":"list","block":{"attributes":{"name":{"type":"string","description_kind":"plain","optional":true,"computed":true}},"description_kind":"plain"}}},"description_kind":"plain"}},"fortios_user_securityexemptlist":{"version":0,"block":{"attributes":{"description":{"type":"string","description_kind":"plain","optional":true,"computed":true},"id":{"type":"string","description_kind":"plain","optional":true,"computed":true},"name":{"type":"string","description_kind":"plain","optional":true,"computed":true}},"block_types":{"rule":{"nesting_mode":"list","block":{"attributes":{"id":{"type":"number","description_kind":"plain","optional":true,"computed":true}},"block_types":{"devices":{"nesting_mode":"list","block":{"attributes":{"name":{"type":"string","description_kind":"plain","optional":true,"computed":true}},"description_kind":"plain"}},"dstaddr":{"nesting_mode":"list","block":{"attributes":{"name":{"type":"string","description_kind":"plain","optional":true,"computed":true}},"description_kind":"plain"}},"service":{"nesting_mode":"list","block":{"attributes":{"name":{"type":"string","description_kind":"plain","optional":true,"computed":true}},"description_kind":"plain"}},"srcaddr":{"nesting_mode":"list","block":{"attributes":{"name":{"type":"string","description_kind":"plain","optional":true,"computed":true}},"description_kind":"plain"}}},"description_kind":"plain"}}},"description_kind":"plain"}},"fortios_user_setting":{"version":0,"block":{"attributes":{"auth_blackout_time":{"type":"number","description_kind":"plain","optional":true,"computed":true},"auth_ca_cert":{"type":"string","description_kind":"plain","optional":true,"computed":true},"auth_cert":{"type":"string","description_kind":"plain","optional":true,"computed":true},"auth_http_basic":{"type":"string","description_kind":"plain","optional":true,"computed":true},"auth_invalid_max":{"type":"number","description_kind":"plain","optional":true,"computed":true},"auth_lockout_duration":{"type":"number","description_kind":"plain","optional":true,"computed":true},"auth_lockout_threshold":{"type":"number","description_kind":"plain","optional":true,"computed":true},"auth_on_demand":{"type":"string","description_kind":"plain","optional":true,"computed":true},"auth_portal_timeout":{"type":"number","description_kind":"plain","optional":true,"computed":true},"auth_secure_http":{"type":"string","description_kind":"plain","optional":true,"computed":true},"auth_src_mac":{"type":"string","description_kind":"plain","optional":true,"computed":true},"auth_ssl_allow_renegotiation":{"type":"string","description_kind":"plain","optional":true,"computed":true},"auth_timeout":{"type":"number","description_kind":"plain","optional":true,"computed":true},"auth_timeout_type":{"type":"string","description_kind":"plain","optional":true,"computed":true},"auth_type":{"type":"string","description_kind":"plain","optional":true,"computed":true},"id":{"type":"string","description_kind":"plain","optional":true,"computed":true},"radius_ses_timeout_act":{"type":"string","description_kind":"plain","optional":true,"computed":true}},"block_types":{"auth_ports":{"nesting_mode":"list","block":{"attributes":{"id":{"type":"number","description_kind":"plain","optional":true,"computed":true},"port":{"type":"number","description_kind":"plain","optional":true,"computed":true},"type":{"type":"string","description_kind":"plain","optional":true,"computed":true}},"description_kind":"plain"}}},"description_kind":"plain"}},"fortios_user_tacacs":{"version":0,"block":{"attributes":{"authen_type":{"type":"string","description_kind":"plain","optional":true,"computed":true},"authorization":{"type":"string","description_kind":"plain","optional":true,"computed":true},"id":{"type":"string","description_kind":"plain","optional":true,"computed":true},"key":{"type":"string","description_kind":"plain","optional":true},"name":{"type":"string","description_kind":"plain","optional":true,"computed":true},"port":{"type":"number","description_kind":"plain","optional":true,"computed":true},"secondary_key":{"type":"string","description_kind":"plain","optional":true},"secondary_server":{"type":"string","description_kind":"plain","optional":true,"computed":true},"server":{"type":"string","description_kind":"plain","optional":true,"computed":true},"source_ip":{"type":"string","description_kind":"plain","optional":true,"computed":true},"tertiary_key":{"type":"string","description_kind":"plain","optional":true},"tertiary_server":{"type":"string","description_kind":"plain","optional":true,"computed":true}},"description_kind":"plain"}},"fortios_voip_profile":{"version":0,"block":{"attributes":{"comment":{"type":"string","description_kind":"plain","optional":true},"id":{"type":"string","description_kind":"plain","optional":true,"computed":true},"name":{"type":"string","description_kind":"plain","required":true}},"block_types":{"sccp":{"nesting_mode":"list","block":{"attributes":{"block_mcast":{"type":"string","description_kind":"plain","optional":true,"computed":true},"log_call_summary":{"type":"string","description_kind":"plain","optional":true,"computed":true},"log_violations":{"type":"string","description_kind":"plain","optional":true,"computed":true},"max_calls":{"type":"number","description_kind":"plain","optional":true,"computed":true},"status":{"type":"string","description_kind":"plain","optional":true,"computed":true},"verify_header":{"type":"string","description_kind":"plain","optional":true,"computed":true}},"description_kind":"plain"},"max_items":1},"sip":{"nesting_mode":"list","block":{"attributes":{"ack_rate":{"type":"number","description_kind":"plain","optional":true,"computed":true},"block_ack":{"type":"string","description_kind":"plain","optional":true,"computed":true},"block_bye":{"type":"string","description_kind":"plain","optional":true,"computed":true},"block_cancel":{"type":"string","description_kind":"plain","optional":true,"computed":true},"block_geo_red_options":{"type":"string","description_kind":"plain","optional":true,"computed":true},"block_info":{"type":"string","description_kind":"plain","optional":true,"computed":true},"block_invite":{"type":"string","description_kind":"plain","optional":true,"computed":true},"block_long_lines":{"type":"string","description_kind":"plain","optional":true,"computed":true},"block_message":{"type":"string","description_kind":"plain","optional":true,"computed":true},"block_notify":{"type":"string","description_kind":"plain","optional":true,"computed":true},"block_options":{"type":"string","description_kind":"plain","optional":true,"computed":true},"block_prack":{"type":"string","description_kind":"plain","optional":true,"computed":true},"block_publish":{"type":"string","description_kind":"plain","optional":true,"computed":true},"block_refer":{"type":"string","description_kind":"plain","optional":true,"computed":true},"block_register":{"type":"string","description_kind":"plain","optional":true,"computed":true},"block_subscribe":{"type":"string","description_kind":"plain","optional":true,"computed":true},"block_unknown":{"type":"string","description_kind":"plain","optional":true,"computed":true},"block_update":{"type":"string","description_kind":"plain","optional":true,"computed":true},"bye_rate":{"type":"number","description_kind":"plain","optional":true,"computed":true},"call_keepalive":{"type":"number","description_kind":"plain","optional":true,"computed":true},"cancel_rate":{"type":"number","description_kind":"plain","optional":true,"computed":true},"contact_fixup":{"type":"string","description_kind":"plain","optional":true,"computed":true},"hnt_restrict_source_ip":{"type":"string","description_kind":"plain","optional":true,"computed":true},"hosted_nat_traversal":{"type":"string","description_kind":"plain","optional":true,"computed":true},"info_rate":{"type":"number","description_kind":"plain","optional":true,"computed":true},"invite_rate":{"type":"number","description_kind":"plain","optional":true,"computed":true},"ips_rtp":{"type":"string","description_kind":"plain","optional":true,"computed":true},"log_call_summary":{"type":"string","description_kind":"plain","optional":true,"computed":true},"log_violations":{"type":"string","description_kind":"plain","optional":true,"computed":true},"malformed_header_allow":{"type":"string","description_kind":"plain","optional":true,"computed":true},"malformed_header_call_id":{"type":"string","description_kind":"plain","optional":true,"computed":true},"malformed_header_contact":{"type":"string","description_kind":"plain","optional":true,"computed":true},"malformed_header_content_length":{"type":"string","description_kind":"plain","optional":true,"computed":true},"malformed_header_content_type":{"type":"string","description_kind":"plain","optional":true,"computed":true},"malformed_header_cseq":{"type":"string","description_kind":"plain","optional":true,"computed":true},"malformed_header_expires":{"type":"string","description_kind":"plain","optional":true,"computed":true},"malformed_header_from":{"type":"string","description_kind":"plain","optional":true,"computed":true},"malformed_header_max_forwards":{"type":"string","description_kind":"plain","optional":true,"computed":true},"malformed_header_p_asserted_identity":{"type":"string","description_kind":"plain","optional":true,"computed":true},"malformed_header_rack":{"type":"string","description_kind":"plain","optional":true,"computed":true},"malformed_header_record_route":{"type":"string","description_kind":"plain","optional":true,"computed":true},"malformed_header_route":{"type":"string","description_kind":"plain","optional":true,"computed":true},"malformed_header_rseq":{"type":"string","description_kind":"plain","optional":true,"computed":true},"malformed_header_sdp_a":{"type":"string","description_kind":"plain","optional":true,"computed":true},"malformed_header_sdp_b":{"type":"string","description_kind":"plain","optional":true,"computed":true},"malformed_header_sdp_c":{"type":"string","description_kind":"plain","optional":true,"computed":true},"malformed_header_sdp_i":{"type":"string","description_kind":"plain","optional":true,"computed":true},"malformed_header_sdp_k":{"type":"string","description_kind":"plain","optional":true,"computed":true},"malformed_header_sdp_m":{"type":"string","description_kind":"plain","optional":true,"computed":true},"malformed_header_sdp_o":{"type":"string","description_kind":"plain","optional":true,"computed":true},"malformed_header_sdp_r":{"type":"string","description_kind":"plain","optional":true,"computed":true},"malformed_header_sdp_s":{"type":"string","description_kind":"plain","optional":true,"computed":true},"malformed_header_sdp_t":{"type":"string","description_kind":"plain","optional":true,"computed":true},"malformed_header_sdp_v":{"type":"string","description_kind":"plain","optional":true,"computed":true},"malformed_header_sdp_z":{"type":"string","description_kind":"plain","optional":true,"computed":true},"malformed_header_to":{"type":"string","description_kind":"plain","optional":true,"computed":true},"malformed_header_via":{"type":"string","description_kind":"plain","optional":true,"computed":true},"malformed_request_line":{"type":"string","description_kind":"plain","optional":true,"computed":true},"max_body_length":{"type":"number","description_kind":"plain","optional":true,"computed":true},"max_dialogs":{"type":"number","description_kind":"plain","optional":true,"computed":true},"max_idle_dialogs":{"type":"number","description_kind":"plain","optional":true,"computed":true},"max_line_length":{"type":"number","description_kind":"plain","optional":true,"computed":true},"message_rate":{"type":"number","description_kind":"plain","optional":true,"computed":true},"nat_trace":{"type":"string","description_kind":"plain","optional":true,"computed":true},"no_sdp_fixup":{"type":"string","description_kind":"plain","optional":true,"computed":true},"notify_rate":{"type":"number","description_kind":"plain","optional":true,"computed":true},"open_contact_pinhole":{"type":"string","description_kind":"plain","optional":true,"computed":true},"open_record_route_pinhole":{"type":"string","description_kind":"plain","optional":true,"computed":true},"open_register_pinhole":{"type":"string","description_kind":"plain","optional":true,"computed":true},"open_via_pinhole":{"type":"string","description_kind":"plain","optional":true,"computed":true},"options_rate":{"type":"number","description_kind":"plain","optional":true,"computed":true},"prack_rate":{"type":"number","description_kind":"plain","optional":true,"computed":true},"preserve_override":{"type":"string","description_kind":"plain","optional":true,"computed":true},"provisional_invite_expiry_time":{"type":"number","description_kind":"plain","optional":true,"computed":true},"publish_rate":{"type":"number","description_kind":"plain","optional":true,"computed":true},"refer_rate":{"type":"number","description_kind":"plain","optional":true,"computed":true},"register_contact_trace":{"type":"string","description_kind":"plain","optional":true,"computed":true},"register_rate":{"type":"number","description_kind":"plain","optional":true,"computed":true},"rfc2543_branch":{"type":"string","description_kind":"plain","optional":true,"computed":true},"rtp":{"type":"string","description_kind":"plain","optional":true,"computed":true},"ssl_algorithm":{"type":"string","description_kind":"plain","optional":true,"computed":true},"ssl_auth_client":{"type":"string","description_kind":"plain","optional":true,"computed":true},"ssl_auth_server":{"type":"string","description_kind":"plain","optional":true,"computed":true},"ssl_client_certificate":{"type":"string","description_kind":"plain","optional":true,"computed":true},"ssl_client_renegotiation":{"type":"string","description_kind":"plain","optional":true,"computed":true},"ssl_max_version":{"type":"string","description_kind":"plain","optional":true,"computed":true},"ssl_min_version":{"type":"string","description_kind":"plain","optional":true,"computed":true},"ssl_mode":{"type":"string","description_kind":"plain","optional":true,"computed":true},"ssl_pfs":{"type":"string","description_kind":"plain","optional":true,"computed":true},"ssl_send_empty_frags":{"type":"string","description_kind":"plain","optional":true,"computed":true},"ssl_server_certificate":{"type":"string","description_kind":"plain","optional":true,"computed":true},"status":{"type":"string","description_kind":"plain","optional":true,"computed":true},"strict_register":{"type":"string","description_kind":"plain","optional":true,"computed":true},"subscribe_rate":{"type":"number","description_kind":"plain","optional":true,"computed":true},"unknown_header":{"type":"string","description_kind":"plain","optional":true,"computed":true},"update_rate":{"type":"number","description_kind":"plain","optional":true,"computed":true}},"description_kind":"plain"},"max_items":1}},"description_kind":"plain"}},"fortios_vpn_ipsec_phase1interface":{"version":0,"block":{"attributes":{"authmethod":{"type":"string","description_kind":"plain","optional":true,"computed":true},"authmethod_remote":{"type":"string","description_kind":"plain","optional":true,"computed":true},"certificate":{"type":["list","string"],"description_kind":"plain","optional":true,"computed":true},"comments":{"type":"string","description_kind":"plain","optional":true},"id":{"type":"string","description_kind":"plain","optional":true,"computed":true},"interface":{"type":"string","description_kind":"plain","required":true},"ipv4_split_exclude":{"type":"string","description_kind":"plain","optional":true,"computed":true},"ipv4_split_include":{"type":"string","description_kind":"plain","optional":true,"computed":true},"mode_cfg":{"type":"string","description_kind":"plain","optional":true,"computed":true},"name":{"type":"string","description_kind":"plain","required":true},"peer":{"type":"string","description_kind":"plain","optional":true,"computed":true},"peergrp":{"type":"string","description_kind":"plain","optional":true,"computed":true},"peerid":{"type":"string","description_kind":"plain","optional":true,"computed":true},"peertype":{"type":"string","description_kind":"plain","optional":true,"computed":true},"proposal":{"type":"string","description_kind":"plain","optional":true,"computed":true},"psksecret":{"type":"string","description_kind":"plain","required":true},"remote_gw":{"type":"string","description_kind":"plain","required":true},"split_include_service":{"type":"string","description_kind":"plain","optional":true,"computed":true},"type":{"type":"string","description_kind":"plain","required":true},"wizard_type":{"type":"string","description_kind":"plain","optional":true,"computed":true}},"description_kind":"plain"}},"fortios_vpn_ipsec_phase2interface":{"version":0,"block":{"attributes":{"comments":{"type":"string","description_kind":"plain","optional":true},"dst_addr_type":{"type":"string","description_kind":"plain","optional":true,"computed":true},"dst_end_ip":{"type":"string","description_kind":"plain","optional":true,"computed":true},"dst_name":{"type":"string","description_kind":"plain","optional":true,"computed":true},"dst_start_ip":{"type":"string","description_kind":"plain","optional":true,"computed":true},"dst_subnet":{"type":"string","description_kind":"plain","optional":true,"computed":true},"id":{"type":"string","description_kind":"plain","optional":true,"computed":true},"name":{"type":"string","description_kind":"plain","required":true},"phase1name":{"type":"string","description_kind":"plain","required":true},"proposal":{"type":"string","description_kind":"plain","optional":true,"computed":true},"src_addr_type":{"type":"string","description_kind":"plain","optional":true,"computed":true},"src_end_ip":{"type":"string","description_kind":"plain","optional":true,"computed":true},"src_name":{"type":"string","description_kind":"plain","optional":true,"computed":true},"src_start_ip":{"type":"string","description_kind":"plain","optional":true,"computed":true},"src_subnet":{"type":"string","description_kind":"plain","optional":true,"computed":true}},"description_kind":"plain"}},"fortios_vpn_l2tp":{"version":0,"block":{"attributes":{"eip":{"type":"string","description_kind":"plain","optional":true,"computed":true},"enforce_ipsec":{"type":"string","description_kind":"plain","optional":true,"computed":true},"id":{"type":"string","description_kind":"plain","optional":true,"computed":true},"sip":{"type":"string","description_kind":"plain","optional":true,"computed":true},"status":{"type":"string","description_kind":"plain","required":true},"usrgrp":{"type":"string","description_kind":"plain","optional":true,"computed":true}},"description_kind":"plain"}},"fortios_vpn_pptp":{"version":0,"block":{"attributes":{"eip":{"type":"string","description_kind":"plain","optional":true,"computed":true},"id":{"type":"string","description_kind":"plain","optional":true,"computed":true},"ip_mode":{"type":"string","description_kind":"plain","optional":true,"computed":true},"local_ip":{"type":"string","description_kind":"plain","optional":true,"computed":true},"sip":{"type":"string","description_kind":"plain","optional":true,"computed":true},"status":{"type":"string","description_kind":"plain","required":true},"usrgrp":{"type":"string","description_kind":"plain","optional":true,"computed":true}},"description_kind":"plain"}},"fortios_vpncertificate_ca":{"version":0,"block":{"attributes":{"auto_update_days":{"type":"number","description_kind":"plain","optional":true,"computed":true},"auto_update_days_warning":{"type":"number","description_kind":"plain","optional":true,"computed":true},"ca":{"type":"string","description_kind":"plain","required":true},"id":{"type":"string","description_kind":"plain","optional":true,"computed":true},"last_updated":{"type":"number","description_kind":"plain","optional":true,"computed":true},"name":{"type":"string","description_kind":"plain","required":true},"range":{"type":"string","description_kind":"plain","optional":true,"computed":true},"scep_url":{"type":"string","description_kind":"plain","optional":true,"computed":true},"source":{"type":"string","description_kind":"plain","optional":true,"computed":true},"source_ip":{"type":"string","description_kind":"plain","optional":true,"computed":true},"trusted":{"type":"string","description_kind":"plain","optional":true,"computed":true}},"description_kind":"plain"}},"fortios_vpncertificate_crl":{"version":0,"block":{"attributes":{"crl":{"type":"string","description_kind":"plain","optional":true,"computed":true},"http_url":{"type":"string","description_kind":"plain","optional":true,"computed":true},"id":{"type":"string","description_kind":"plain","optional":true,"computed":true},"last_updated":{"type":"number","description_kind":"plain","optional":true,"computed":true},"ldap_password":{"type":"string","description_kind":"plain","optional":true},"ldap_server":{"type":"string","description_kind":"plain","optional":true,"computed":true},"ldap_username":{"type":"string","description_kind":"plain","optional":true,"computed":true},"name":{"type":"string","description_kind":"plain","required":true},"range":{"type":"string","description_kind":"plain","optional":true,"computed":true},"scep_cert":{"type":"string","description_kind":"plain","optional":true,"computed":true},"scep_url":{"type":"string","description_kind":"plain","optional":true,"computed":true},"source":{"type":"string","description_kind":"plain","optional":true,"computed":true},"source_ip":{"type":"string","description_kind":"plain","optional":true,"computed":true},"update_interval":{"type":"number","description_kind":"plain","optional":true,"computed":true},"update_vdom":{"type":"string","description_kind":"plain","optional":true,"computed":true}},"description_kind":"plain"}},"fortios_vpncertificate_local":{"version":0,"block":{"attributes":{"auto_regenerate_days":{"type":"number","description_kind":"plain","optional":true,"computed":true},"auto_regenerate_days_warning":{"type":"number","description_kind":"plain","optional":true,"computed":true},"ca_identifier":{"type":"string","description_kind":"plain","optional":true,"computed":true},"certificate":{"type":"string","description_kind":"plain","optional":true,"computed":true},"cmp_path":{"type":"string","description_kind":"plain","optional":true,"computed":true},"cmp_regeneration_method":{"type":"string","description_kind":"plain","optional":true,"computed":true},"cmp_server":{"type":"string","description_kind":"plain","optional":true,"computed":true},"cmp_server_cert":{"type":"string","description_kind":"plain","optional":true,"computed":true},"comments":{"type":"string","description_kind":"plain","optional":true,"computed":true},"csr":{"type":"string","description_kind":"plain","optional":true,"computed":true},"enroll_protocol":{"type":"string","description_kind":"plain","optional":true,"computed":true},"id":{"type":"string","description_kind":"plain","optional":true,"computed":true},"ike_localid":{"type":"string","description_kind":"plain","optional":true,"computed":true},"ike_localid_type":{"type":"string","description_kind":"plain","optional":true,"computed":true},"last_updated":{"type":"number","description_kind":"plain","optional":true,"computed":true},"name":{"type":"string","description_kind":"plain","required":true},"name_encoding":{"type":"string","description_kind":"plain","optional":true,"computed":true},"password":{"type":"string","description_kind":"plain","optional":true},"private_key":{"type":"string","description_kind":"plain","required":true},"range":{"type":"string","description_kind":"plain","optional":true,"computed":true},"scep_password":{"type":"string","description_kind":"plain","optional":true},"scep_url":{"type":"string","description_kind":"plain","optional":true,"computed":true},"source":{"type":"string","description_kind":"plain","optional":true,"computed":true},"source_ip":{"type":"string","description_kind":"plain","optional":true,"computed":true},"state":{"type":"string","description_kind":"plain","optional":true,"computed":true}},"description_kind":"plain"}},"fortios_vpncertificate_ocspserver":{"version":0,"block":{"attributes":{"cert":{"type":"string","description_kind":"plain","optional":true,"computed":true},"id":{"type":"string","description_kind":"plain","optional":true,"computed":true},"name":{"type":"string","description_kind":"plain","optional":true,"computed":true},"secondary_cert":{"type":"string","description_kind":"plain","optional":true,"computed":true},"secondary_url":{"type":"string","description_kind":"plain","optional":true,"computed":true},"source_ip":{"type":"string","description_kind":"plain","optional":true,"computed":true},"unavail_action":{"type":"string","description_kind":"plain","optional":true,"computed":true},"url":{"type":"string","description_kind":"plain","optional":true,"computed":true}},"description_kind":"plain"}},"fortios_vpncertificate_remote":{"version":0,"block":{"attributes":{"id":{"type":"string","description_kind":"plain","optional":true,"computed":true},"name":{"type":"string","description_kind":"plain","required":true},"range":{"type":"string","description_kind":"plain","optional":true,"computed":true},"remote":{"type":"string","description_kind":"plain","optional":true,"computed":true},"source":{"type":"string","description_kind":"plain","optional":true,"computed":true}},"description_kind":"plain"}},"fortios_vpncertificate_setting":{"version":0,"block":{"attributes":{"certname_dsa1024":{"type":"string","description_kind":"plain","required":true},"certname_dsa2048":{"type":"string","description_kind":"plain","required":true},"certname_ecdsa256":{"type":"string","description_kind":"plain","required":true},"certname_ecdsa384":{"type":"string","description_kind":"plain","required":true},"certname_rsa1024":{"type":"string","description_kind":"plain","required":true},"certname_rsa2048":{"type":"string","description_kind":"plain","required":true},"check_ca_cert":{"type":"string","description_kind":"plain","optional":true,"computed":true},"check_ca_chain":{"type":"string","description_kind":"plain","optional":true,"computed":true},"cmp_save_extra_certs":{"type":"string","description_kind":"plain","optional":true,"computed":true},"cn_match":{"type":"string","description_kind":"plain","optional":true,"computed":true},"id":{"type":"string","description_kind":"plain","optional":true,"computed":true},"ocsp_default_server":{"type":"string","description_kind":"plain","optional":true,"computed":true},"ocsp_option":{"type":"string","description_kind":"plain","optional":true,"computed":true},"ocsp_status":{"type":"string","description_kind":"plain","optional":true,"computed":true},"ssl_min_proto_version":{"type":"string","description_kind":"plain","optional":true,"computed":true},"strict_crl_check":{"type":"string","description_kind":"plain","optional":true,"computed":true},"strict_ocsp_check":{"type":"string","description_kind":"plain","optional":true,"computed":true},"subject_match":{"type":"string","description_kind":"plain","optional":true,"computed":true}},"description_kind":"plain"}},"fortios_vpnipsec_concentrator":{"version":0,"block":{"attributes":{"id":{"type":"string","description_kind":"plain","optional":true,"computed":true},"name":{"type":"string","description_kind":"plain","optional":true,"computed":true},"src_check":{"type":"string","description_kind":"plain","optional":true,"computed":true}},"block_types":{"member":{"nesting_mode":"list","block":{"attributes":{"name":{"type":"string","description_kind":"plain","optional":true,"computed":true}},"description_kind":"plain"}}},"description_kind":"plain"}},"fortios_vpnipsec_forticlient":{"version":0,"block":{"attributes":{"id":{"type":"string","description_kind":"plain","optional":true,"computed":true},"phase2name":{"type":"string","description_kind":"plain","required":true},"realm":{"type":"string","description_kind":"plain","optional":true,"computed":true},"status":{"type":"string","description_kind":"plain","optional":true,"computed":true},"usergroupname":{"type":"string","description_kind":"plain","required":true}},"description_kind":"plain"}},"fortios_vpnipsec_manualkey":{"version":0,"block":{"attributes":{"authentication":{"type":"string","description_kind":"plain","required":true},"authkey":{"type":"string","description_kind":"plain","optional":true,"computed":true},"enckey":{"type":"string","description_kind":"plain","optional":true,"computed":true},"encryption":{"type":"string","description_kind":"plain","required":true},"id":{"type":"string","description_kind":"plain","optional":true,"computed":true},"interface":{"type":"string","description_kind":"plain","required":true},"local_gw":{"type":"string","description_kind":"plain","optional":true,"computed":true},"localspi":{"type":"string","description_kind":"plain","optional":true,"computed":true},"name":{"type":"string","description_kind":"plain","optional":true,"computed":true},"remote_gw":{"type":"string","description_kind":"plain","required":true},"remotespi":{"type":"string","description_kind":"plain","optional":true,"computed":true}},"description_kind":"plain"}},"fortios_vpnipsec_manualkeyinterface":{"version":0,"block":{"attributes":{"addr_type":{"type":"string","description_kind":"plain","optional":true,"computed":true},"auth_alg":{"type":"string","description_kind":"plain","required":true},"auth_key":{"type":"string","description_kind":"plain","optional":true,"computed":true},"enc_alg":{"type":"string","description_kind":"plain","required":true},"enc_key":{"type":"string","description_kind":"plain","optional":true,"computed":true},"id":{"type":"string","description_kind":"plain","optional":true,"computed":true},"interface":{"type":"string","description_kind":"plain","required":true},"ip_version":{"type":"string","description_kind":"plain","optional":true,"computed":true},"local_gw":{"type":"string","description_kind":"plain","optional":true,"computed":true},"local_gw6":{"type":"string","description_kind":"plain","optional":true,"computed":true},"local_spi":{"type":"string","description_kind":"plain","optional":true,"computed":true},"name":{"type":"string","description_kind":"plain","optional":true,"computed":true},"remote_gw":{"type":"string","description_kind":"plain","required":true},"remote_gw6":{"type":"string","description_kind":"plain","required":true},"remote_spi":{"type":"string","description_kind":"plain","optional":true,"computed":true}},"description_kind":"plain"}},"fortios_vpnipsec_phase1":{"version":0,"block":{"attributes":{"acct_verify":{"type":"string","description_kind":"plain","optional":true,"computed":true},"add_gw_route":{"type":"string","description_kind":"plain","optional":true,"computed":true},"add_route":{"type":"string","description_kind":"plain","optional":true,"computed":true},"assign_ip":{"type":"string","description_kind":"plain","optional":true,"computed":true},"assign_ip_from":{"type":"string","description_kind":"plain","optional":true,"computed":true},"authmethod":{"type":"string","description_kind":"plain","optional":true,"computed":true},"authmethod_remote":{"type":"string","description_kind":"plain","optional":true,"computed":true},"authpasswd":{"type":"string","description_kind":"plain","optional":true},"authusr":{"type":"string","description_kind":"plain","optional":true,"computed":true},"authusrgrp":{"type":"string","description_kind":"plain","optional":true,"computed":true},"auto_negotiate":{"type":"string","description_kind":"plain","optional":true,"computed":true},"banner":{"type":"string","description_kind":"plain","optional":true},"cert_id_validation":{"type":"string","description_kind":"plain","optional":true,"computed":true},"childless_ike":{"type":"string","description_kind":"plain","optional":true,"computed":true},"client_auto_negotiate":{"type":"string","description_kind":"plain","optional":true,"computed":true},"client_keep_alive":{"type":"string","description_kind":"plain","optional":true,"computed":true},"comments":{"type":"string","description_kind":"plain","optional":true},"dhgrp":{"type":"string","description_kind":"plain","optional":true,"computed":true},"digital_signature_auth":{"type":"string","description_kind":"plain","optional":true,"computed":true},"distance":{"type":"number","description_kind":"plain","optional":true,"computed":true},"dns_mode":{"type":"string","description_kind":"plain","optional":true,"computed":true},"domain":{"type":"string","description_kind":"plain","optional":true,"computed":true},"dpd":{"type":"string","description_kind":"plain","optional":true,"computed":true},"dpd_retrycount":{"type":"number","description_kind":"plain","optional":true,"computed":true},"dpd_retryinterval":{"type":"string","description_kind":"plain","optional":true,"computed":true},"eap":{"type":"string","description_kind":"plain","optional":true,"computed":true},"eap_identity":{"type":"string","description_kind":"plain","optional":true,"computed":true},"enforce_unique_id":{"type":"string","description_kind":"plain","optional":true,"computed":true},"forticlient_enforcement":{"type":"string","description_kind":"plain","optional":true,"computed":true},"fragmentation":{"type":"string","description_kind":"plain","optional":true,"computed":true},"fragmentation_mtu":{"type":"number","description_kind":"plain","optional":true,"computed":true},"group_authentication":{"type":"string","description_kind":"plain","optional":true,"computed":true},"group_authentication_secret":{"type":"string","description_kind":"plain","optional":true,"computed":true},"ha_sync_esp_seqno":{"type":"string","description_kind":"plain","optional":true,"computed":true},"id":{"type":"string","description_kind":"plain","optional":true,"computed":true},"idle_timeout":{"type":"string","description_kind":"plain","optional":true,"computed":true},"idle_timeoutinterval":{"type":"number","description_kind":"plain","optional":true,"computed":true},"ike_version":{"type":"string","description_kind":"plain","optional":true,"computed":true},"include_local_lan":{"type":"string","description_kind":"plain","optional":true,"computed":true},"interface":{"type":"string","description_kind":"plain","required":true},"ipv4_dns_server1":{"type":"string","description_kind":"plain","optional":true,"computed":true},"ipv4_dns_server2":{"type":"string","description_kind":"plain","optional":true,"computed":true},"ipv4_dns_server3":{"type":"string","description_kind":"plain","optional":true,"computed":true},"ipv4_end_ip":{"type":"string","description_kind":"plain","optional":true,"computed":true},"ipv4_name":{"type":"string","description_kind":"plain","optional":true,"computed":true},"ipv4_netmask":{"type":"string","description_kind":"plain","optional":true,"computed":true},"ipv4_split_exclude":{"type":"string","description_kind":"plain","optional":true,"computed":true},"ipv4_split_include":{"type":"string","description_kind":"plain","optional":true,"computed":true},"ipv4_start_ip":{"type":"string","description_kind":"plain","optional":true,"computed":true},"ipv4_wins_server1":{"type":"string","description_kind":"plain","optional":true,"computed":true},"ipv4_wins_server2":{"type":"string","description_kind":"plain","optional":true,"computed":true},"ipv6_dns_server1":{"type":"string","description_kind":"plain","optional":true,"computed":true},"ipv6_dns_server2":{"type":"string","description_kind":"plain","optional":true,"computed":true},"ipv6_dns_server3":{"type":"string","description_kind":"plain","optional":true,"computed":true},"ipv6_end_ip":{"type":"string","description_kind":"plain","optional":true,"computed":true},"ipv6_name":{"type":"string","description_kind":"plain","optional":true,"computed":true},"ipv6_prefix":{"type":"number","description_kind":"plain","optional":true,"computed":true},"ipv6_split_exclude":{"type":"string","description_kind":"plain","optional":true,"computed":true},"ipv6_split_include":{"type":"string","description_kind":"plain","optional":true,"computed":true},"ipv6_start_ip":{"type":"string","description_kind":"plain","optional":true,"computed":true},"keepalive":{"type":"number","description_kind":"plain","optional":true,"computed":true},"keylife":{"type":"number","description_kind":"plain","optional":true,"computed":true},"local_gw":{"type":"string","description_kind":"plain","optional":true,"computed":true},"localid":{"type":"string","description_kind":"plain","optional":true,"computed":true},"localid_type":{"type":"string","description_kind":"plain","optional":true,"computed":true},"mesh_selector_type":{"type":"string","description_kind":"plain","optional":true,"computed":true},"mode":{"type":"string","description_kind":"plain","optional":true,"computed":true},"mode_cfg":{"type":"string","description_kind":"plain","optional":true,"computed":true},"name":{"type":"string","description_kind":"plain","optional":true,"computed":true},"nattraversal":{"type":"string","description_kind":"plain","optional":true,"computed":true},"negotiate_timeout":{"type":"number","description_kind":"plain","optional":true,"computed":true},"peer":{"type":"string","description_kind":"plain","optional":true,"computed":true},"peergrp":{"type":"string","description_kind":"plain","optional":true,"computed":true},"peerid":{"type":"string","description_kind":"plain","optional":true,"computed":true},"peertype":{"type":"string","description_kind":"plain","optional":true,"computed":true},"ppk":{"type":"string","description_kind":"plain","optional":true,"computed":true},"ppk_identity":{"type":"string","description_kind":"plain","optional":true,"computed":true},"ppk_secret":{"type":"string","description_kind":"plain","optional":true,"computed":true},"priority":{"type":"number","description_kind":"plain","optional":true,"computed":true},"proposal":{"type":"string","description_kind":"plain","required":true},"psksecret":{"type":"string","description_kind":"plain","required":true},"psksecret_remote":{"type":"string","description_kind":"plain","optional":true,"computed":true},"reauth":{"type":"string","description_kind":"plain","optional":true,"computed":true},"rekey":{"type":"string","description_kind":"plain","optional":true,"computed":true},"remote_gw":{"type":"string","description_kind":"plain","optional":true,"computed":true},"remotegw_ddns":{"type":"string","description_kind":"plain","optional":true,"computed":true},"rsa_signature_format":{"type":"string","description_kind":"plain","optional":true,"computed":true},"save_password":{"type":"string","description_kind":"plain","optional":true,"computed":true},"send_cert_chain":{"type":"string","description_kind":"plain","optional":true,"computed":true},"signature_hash_alg":{"type":"string","description_kind":"plain","optional":true,"computed":true},"split_include_service":{"type":"string","description_kind":"plain","optional":true,"computed":true},"suite_b":{"type":"string","description_kind":"plain","optional":true,"computed":true},"type":{"type":"string","description_kind":"plain","optional":true,"computed":true},"unity_support":{"type":"string","description_kind":"plain","optional":true,"computed":true},"usrgrp":{"type":"string","description_kind":"plain","optional":true,"computed":true},"wizard_type":{"type":"string","description_kind":"plain","optional":true,"computed":true},"xauthtype":{"type":"string","description_kind":"plain","optional":true,"computed":true}},"block_types":{"backup_gateway":{"nesting_mode":"list","block":{"attributes":{"address":{"type":"string","description_kind":"plain","optional":true,"computed":true}},"description_kind":"plain"}},"certificate":{"nesting_mode":"list","block":{"attributes":{"name":{"type":"string","description_kind":"plain","optional":true,"computed":true}},"description_kind":"plain"}},"ipv4_exclude_range":{"nesting_mode":"list","block":{"attributes":{"end_ip":{"type":"string","description_kind":"plain","optional":true,"computed":true},"id":{"type":"number","description_kind":"plain","optional":true,"computed":true},"start_ip":{"type":"string","description_kind":"plain","optional":true,"computed":true}},"description_kind":"plain"}},"ipv6_exclude_range":{"nesting_mode":"list","block":{"attributes":{"end_ip":{"type":"string","description_kind":"plain","optional":true,"computed":true},"id":{"type":"number","description_kind":"plain","optional":true,"computed":true},"start_ip":{"type":"string","description_kind":"plain","optional":true,"computed":true}},"description_kind":"plain"}}},"description_kind":"plain"}},"fortios_vpnipsec_phase1interface":{"version":0,"block":{"attributes":{"acct_verify":{"type":"string","description_kind":"plain","optional":true,"computed":true},"add_gw_route":{"type":"string","description_kind":"plain","optional":true,"computed":true},"add_route":{"type":"string","description_kind":"plain","optional":true,"computed":true},"assign_ip":{"type":"string","description_kind":"plain","optional":true,"computed":true},"assign_ip_from":{"type":"string","description_kind":"plain","optional":true,"computed":true},"authmethod":{"type":"string","description_kind":"plain","optional":true,"computed":true},"authmethod_remote":{"type":"string","description_kind":"plain","optional":true,"computed":true},"authpasswd":{"type":"string","description_kind":"plain","optional":true},"authusr":{"type":"string","description_kind":"plain","optional":true,"computed":true},"authusrgrp":{"type":"string","description_kind":"plain","optional":true,"computed":true},"auto_discovery_forwarder":{"type":"string","description_kind":"plain","optional":true,"computed":true},"auto_discovery_psk":{"type":"string","description_kind":"plain","optional":true,"computed":true},"auto_discovery_receiver":{"type":"string","description_kind":"plain","optional":true,"computed":true},"auto_discovery_sender":{"type":"string","description_kind":"plain","optional":true,"computed":true},"auto_negotiate":{"type":"string","description_kind":"plain","optional":true,"computed":true},"banner":{"type":"string","description_kind":"plain","optional":true},"cert_id_validation":{"type":"string","description_kind":"plain","optional":true,"computed":true},"childless_ike":{"type":"string","description_kind":"plain","optional":true,"computed":true},"client_auto_negotiate":{"type":"string","description_kind":"plain","optional":true,"computed":true},"client_keep_alive":{"type":"string","description_kind":"plain","optional":true,"computed":true},"comments":{"type":"string","description_kind":"plain","optional":true},"default_gw":{"type":"string","description_kind":"plain","optional":true,"computed":true},"default_gw_priority":{"type":"number","description_kind":"plain","optional":true,"computed":true},"dhgrp":{"type":"string","description_kind":"plain","optional":true,"computed":true},"digital_signature_auth":{"type":"string","description_kind":"plain","optional":true,"computed":true},"distance":{"type":"number","description_kind":"plain","optional":true,"computed":true},"dns_mode":{"type":"string","description_kind":"plain","optional":true,"computed":true},"domain":{"type":"string","description_kind":"plain","optional":true,"computed":true},"dpd":{"type":"string","description_kind":"plain","optional":true,"computed":true},"dpd_retrycount":{"type":"number","description_kind":"plain","optional":true,"computed":true},"dpd_retryinterval":{"type":"string","description_kind":"plain","optional":true,"computed":true},"eap":{"type":"string","description_kind":"plain","optional":true,"computed":true},"eap_identity":{"type":"string","description_kind":"plain","optional":true,"computed":true},"encap_local_gw4":{"type":"string","description_kind":"plain","optional":true,"computed":true},"encap_local_gw6":{"type":"string","description_kind":"plain","optional":true,"computed":true},"encap_remote_gw4":{"type":"string","description_kind":"plain","optional":true,"computed":true},"encap_remote_gw6":{"type":"string","description_kind":"plain","optional":true,"computed":true},"encapsulation":{"type":"string","description_kind":"plain","optional":true,"computed":true},"encapsulation_address":{"type":"string","description_kind":"plain","optional":true,"computed":true},"enforce_unique_id":{"type":"string","description_kind":"plain","optional":true,"computed":true},"exchange_interface_ip":{"type":"string","description_kind":"plain","optional":true,"computed":true},"exchange_ip_addr4":{"type":"string","description_kind":"plain","optional":true,"computed":true},"exchange_ip_addr6":{"type":"string","description_kind":"plain","optional":true,"computed":true},"forticlient_enforcement":{"type":"string","description_kind":"plain","optional":true,"computed":true},"fragmentation":{"type":"string","description_kind":"plain","optional":true,"computed":true},"fragmentation_mtu":{"type":"number","description_kind":"plain","optional":true,"computed":true},"group_authentication":{"type":"string","description_kind":"plain","optional":true,"computed":true},"group_authentication_secret":{"type":"string","description_kind":"plain","optional":true,"computed":true},"ha_sync_esp_seqno":{"type":"string","description_kind":"plain","optional":true,"computed":true},"id":{"type":"string","description_kind":"plain","optional":true,"computed":true},"idle_timeout":{"type":"string","description_kind":"plain","optional":true,"computed":true},"idle_timeoutinterval":{"type":"number","description_kind":"plain","optional":true,"computed":true},"ike_version":{"type":"string","description_kind":"plain","optional":true,"computed":true},"include_local_lan":{"type":"string","description_kind":"plain","optional":true,"computed":true},"interface":{"type":"string","description_kind":"plain","required":true},"ip_version":{"type":"string","description_kind":"plain","optional":true,"computed":true},"ipv4_dns_server1":{"type":"string","description_kind":"plain","optional":true,"computed":true},"ipv4_dns_server2":{"type":"string","description_kind":"plain","optional":true,"computed":true},"ipv4_dns_server3":{"type":"string","description_kind":"plain","optional":true,"computed":true},"ipv4_end_ip":{"type":"string","description_kind":"plain","optional":true,"computed":true},"ipv4_name":{"type":"string","description_kind":"plain","optional":true,"computed":true},"ipv4_netmask":{"type":"string","description_kind":"plain","optional":true,"computed":true},"ipv4_split_exclude":{"type":"string","description_kind":"plain","optional":true,"computed":true},"ipv4_split_include":{"type":"string","description_kind":"plain","optional":true,"computed":true},"ipv4_start_ip":{"type":"string","description_kind":"plain","optional":true,"computed":true},"ipv4_wins_server1":{"type":"string","description_kind":"plain","optional":true,"computed":true},"ipv4_wins_server2":{"type":"string","description_kind":"plain","optional":true,"computed":true},"ipv6_dns_server1":{"type":"string","description_kind":"plain","optional":true,"computed":true},"ipv6_dns_server2":{"type":"string","description_kind":"plain","optional":true,"computed":true},"ipv6_dns_server3":{"type":"string","description_kind":"plain","optional":true,"computed":true},"ipv6_end_ip":{"type":"string","description_kind":"plain","optional":true,"computed":true},"ipv6_name":{"type":"string","description_kind":"plain","optional":true,"computed":true},"ipv6_prefix":{"type":"number","description_kind":"plain","optional":true,"computed":true},"ipv6_split_exclude":{"type":"string","description_kind":"plain","optional":true,"computed":true},"ipv6_split_include":{"type":"string","description_kind":"plain","optional":true,"computed":true},"ipv6_start_ip":{"type":"string","description_kind":"plain","optional":true,"computed":true},"keepalive":{"type":"number","description_kind":"plain","optional":true,"computed":true},"keylife":{"type":"number","description_kind":"plain","optional":true,"computed":true},"local_gw":{"type":"string","description_kind":"plain","optional":true,"computed":true},"local_gw6":{"type":"string","description_kind":"plain","optional":true,"computed":true},"localid":{"type":"string","description_kind":"plain","optional":true,"computed":true},"localid_type":{"type":"string","description_kind":"plain","optional":true,"computed":true},"mesh_selector_type":{"type":"string","description_kind":"plain","optional":true,"computed":true},"mode":{"type":"string","description_kind":"plain","optional":true,"computed":true},"mode_cfg":{"type":"string","description_kind":"plain","optional":true,"computed":true},"monitor":{"type":"string","description_kind":"plain","optional":true,"computed":true},"monitor_hold_down_delay":{"type":"number","description_kind":"plain","optional":true,"computed":true},"monitor_hold_down_time":{"type":"string","description_kind":"plain","optional":true,"computed":true},"monitor_hold_down_type":{"type":"string","description_kind":"plain","optional":true,"computed":true},"monitor_hold_down_weekday":{"type":"string","description_kind":"plain","optional":true,"computed":true},"name":{"type":"string","description_kind":"plain","optional":true,"computed":true},"nattraversal":{"type":"string","description_kind":"plain","optional":true,"computed":true},"negotiate_timeout":{"type":"number","description_kind":"plain","optional":true,"computed":true},"net_device":{"type":"string","description_kind":"plain","required":true},"passive_mode":{"type":"string","description_kind":"plain","optional":true,"computed":true},"peer":{"type":"string","description_kind":"plain","optional":true,"computed":true},"peergrp":{"type":"string","description_kind":"plain","optional":true,"computed":true},"peerid":{"type":"string","description_kind":"plain","optional":true,"computed":true},"peertype":{"type":"string","description_kind":"plain","optional":true,"computed":true},"ppk":{"type":"string","description_kind":"plain","optional":true,"computed":true},"ppk_identity":{"type":"string","description_kind":"plain","optional":true,"computed":true},"ppk_secret":{"type":"string","description_kind":"plain","optional":true,"computed":true},"priority":{"type":"number","description_kind":"plain","optional":true,"computed":true},"proposal":{"type":"string","description_kind":"plain","required":true},"psksecret":{"type":"string","description_kind":"plain","optional":true,"computed":true},"psksecret_remote":{"type":"string","description_kind":"plain","optional":true,"computed":true},"reauth":{"type":"string","description_kind":"plain","optional":true,"computed":true},"rekey":{"type":"string","description_kind":"plain","optional":true,"computed":true},"remote_gw":{"type":"string","description_kind":"plain","optional":true,"computed":true},"remote_gw6":{"type":"string","description_kind":"plain","optional":true,"computed":true},"remotegw_ddns":{"type":"string","description_kind":"plain","optional":true,"computed":true},"rsa_signature_format":{"type":"string","description_kind":"plain","optional":true,"computed":true},"save_password":{"type":"string","description_kind":"plain","optional":true,"computed":true},"send_cert_chain":{"type":"string","description_kind":"plain","optional":true,"computed":true},"signature_hash_alg":{"type":"string","description_kind":"plain","optional":true,"computed":true},"split_include_service":{"type":"string","description_kind":"plain","optional":true,"computed":true},"suite_b":{"type":"string","description_kind":"plain","optional":true,"computed":true},"tunnel_search":{"type":"string","description_kind":"plain","optional":true,"computed":true},"type":{"type":"string","description_kind":"plain","optional":true,"computed":true},"unity_support":{"type":"string","description_kind":"plain","optional":true,"computed":true},"usrgrp":{"type":"string","description_kind":"plain","optional":true,"computed":true},"vni":{"type":"number","description_kind":"plain","optional":true,"computed":true},"wizard_type":{"type":"string","description_kind":"plain","optional":true,"computed":true},"xauthtype":{"type":"string","description_kind":"plain","optional":true,"computed":true}},"block_types":{"backup_gateway":{"nesting_mode":"list","block":{"attributes":{"address":{"type":"string","description_kind":"plain","optional":true,"computed":true}},"description_kind":"plain"}},"certificate":{"nesting_mode":"list","block":{"attributes":{"name":{"type":"string","description_kind":"plain","optional":true,"computed":true}},"description_kind":"plain"}},"ipv4_exclude_range":{"nesting_mode":"list","block":{"attributes":{"end_ip":{"type":"string","description_kind":"plain","optional":true,"computed":true},"id":{"type":"number","description_kind":"plain","optional":true,"computed":true},"start_ip":{"type":"string","description_kind":"plain","optional":true,"computed":true}},"description_kind":"plain"}},"ipv6_exclude_range":{"nesting_mode":"list","block":{"attributes":{"end_ip":{"type":"string","description_kind":"plain","optional":true,"computed":true},"id":{"type":"number","description_kind":"plain","optional":true,"computed":true},"start_ip":{"type":"string","description_kind":"plain","optional":true,"computed":true}},"description_kind":"plain"}}},"description_kind":"plain"}},"fortios_vpnipsec_phase2":{"version":0,"block":{"attributes":{"add_route":{"type":"string","description_kind":"plain","optional":true,"computed":true},"auto_negotiate":{"type":"string","description_kind":"plain","optional":true,"computed":true},"comments":{"type":"string","description_kind":"plain","optional":true},"dhcp_ipsec":{"type":"string","description_kind":"plain","optional":true,"computed":true},"dhgrp":{"type":"string","description_kind":"plain","optional":true,"computed":true},"dst_addr_type":{"type":"string","description_kind":"plain","optional":true,"computed":true},"dst_end_ip":{"type":"string","description_kind":"plain","optional":true,"computed":true},"dst_end_ip6":{"type":"string","description_kind":"plain","optional":true,"computed":true},"dst_name":{"type":"string","description_kind":"plain","optional":true,"computed":true},"dst_name6":{"type":"string","description_kind":"plain","optional":true,"computed":true},"dst_port":{"type":"number","description_kind":"plain","optional":true,"computed":true},"dst_start_ip":{"type":"string","description_kind":"plain","optional":true,"computed":true},"dst_start_ip6":{"type":"string","description_kind":"plain","optional":true,"computed":true},"dst_subnet":{"type":"string","description_kind":"plain","optional":true,"computed":true},"dst_subnet6":{"type":"string","description_kind":"plain","optional":true,"computed":true},"encapsulation":{"type":"string","description_kind":"plain","optional":true,"computed":true},"id":{"type":"string","description_kind":"plain","optional":true,"computed":true},"keepalive":{"type":"string","description_kind":"plain","optional":true,"computed":true},"keylife_type":{"type":"string","description_kind":"plain","optional":true,"computed":true},"keylifekbs":{"type":"number","description_kind":"plain","optional":true,"computed":true},"keylifeseconds":{"type":"number","description_kind":"plain","optional":true,"computed":true},"l2tp":{"type":"string","description_kind":"plain","optional":true,"computed":true},"name":{"type":"string","description_kind":"plain","optional":true,"computed":true},"pfs":{"type":"string","description_kind":"plain","optional":true,"computed":true},"phase1name":{"type":"string","description_kind":"plain","required":true},"proposal":{"type":"string","description_kind":"plain","required":true},"protocol":{"type":"number","description_kind":"plain","optional":true,"computed":true},"replay":{"type":"string","description_kind":"plain","optional":true,"computed":true},"route_overlap":{"type":"string","description_kind":"plain","optional":true,"computed":true},"selector_match":{"type":"string","description_kind":"plain","optional":true,"computed":true},"single_source":{"type":"string","description_kind":"plain","optional":true,"computed":true},"src_addr_type":{"type":"string","description_kind":"plain","optional":true,"computed":true},"src_end_ip":{"type":"string","description_kind":"plain","optional":true,"computed":true},"src_end_ip6":{"type":"string","description_kind":"plain","optional":true,"computed":true},"src_name":{"type":"string","description_kind":"plain","optional":true,"computed":true},"src_name6":{"type":"string","description_kind":"plain","optional":true,"computed":true},"src_port":{"type":"number","description_kind":"plain","optional":true,"computed":true},"src_start_ip":{"type":"string","description_kind":"plain","optional":true,"computed":true},"src_start_ip6":{"type":"string","description_kind":"plain","optional":true,"computed":true},"src_subnet":{"type":"string","description_kind":"plain","optional":true,"computed":true},"src_subnet6":{"type":"string","description_kind":"plain","optional":true,"computed":true},"use_natip":{"type":"string","description_kind":"plain","optional":true,"computed":true}},"description_kind":"plain"}},"fortios_vpnipsec_phase2interface":{"version":0,"block":{"attributes":{"add_route":{"type":"string","description_kind":"plain","optional":true,"computed":true},"auto_discovery_forwarder":{"type":"string","description_kind":"plain","optional":true,"computed":true},"auto_discovery_sender":{"type":"string","description_kind":"plain","optional":true,"computed":true},"auto_negotiate":{"type":"string","description_kind":"plain","optional":true,"computed":true},"comments":{"type":"string","description_kind":"plain","optional":true},"dhcp_ipsec":{"type":"string","description_kind":"plain","optional":true,"computed":true},"dhgrp":{"type":"string","description_kind":"plain","optional":true,"computed":true},"dst_addr_type":{"type":"string","description_kind":"plain","optional":true,"computed":true},"dst_end_ip":{"type":"string","description_kind":"plain","optional":true,"computed":true},"dst_end_ip6":{"type":"string","description_kind":"plain","optional":true,"computed":true},"dst_name":{"type":"string","description_kind":"plain","optional":true,"computed":true},"dst_name6":{"type":"string","description_kind":"plain","optional":true,"computed":true},"dst_port":{"type":"number","description_kind":"plain","optional":true,"computed":true},"dst_start_ip":{"type":"string","description_kind":"plain","optional":true,"computed":true},"dst_start_ip6":{"type":"string","description_kind":"plain","optional":true,"computed":true},"dst_subnet":{"type":"string","description_kind":"plain","optional":true,"computed":true},"dst_subnet6":{"type":"string","description_kind":"plain","optional":true,"computed":true},"encapsulation":{"type":"string","description_kind":"plain","optional":true,"computed":true},"id":{"type":"string","description_kind":"plain","optional":true,"computed":true},"keepalive":{"type":"string","description_kind":"plain","optional":true,"computed":true},"keylife_type":{"type":"string","description_kind":"plain","optional":true,"computed":true},"keylifekbs":{"type":"number","description_kind":"plain","optional":true,"computed":true},"keylifeseconds":{"type":"number","description_kind":"plain","optional":true,"computed":true},"l2tp":{"type":"string","description_kind":"plain","optional":true,"computed":true},"name":{"type":"string","description_kind":"plain","optional":true,"computed":true},"pfs":{"type":"string","description_kind":"plain","optional":true,"computed":true},"phase1name":{"type":"string","description_kind":"plain","required":true},"proposal":{"type":"string","description_kind":"plain","required":true},"protocol":{"type":"number","description_kind":"plain","optional":true,"computed":true},"replay":{"type":"string","description_kind":"plain","optional":true,"computed":true},"route_overlap":{"type":"string","description_kind":"plain","optional":true,"computed":true},"single_source":{"type":"string","description_kind":"plain","optional":true,"computed":true},"src_addr_type":{"type":"string","description_kind":"plain","optional":true,"computed":true},"src_end_ip":{"type":"string","description_kind":"plain","optional":true,"computed":true},"src_end_ip6":{"type":"string","description_kind":"plain","optional":true,"computed":true},"src_name":{"type":"string","description_kind":"plain","optional":true,"computed":true},"src_name6":{"type":"string","description_kind":"plain","optional":true,"computed":true},"src_port":{"type":"number","description_kind":"plain","optional":true,"computed":true},"src_start_ip":{"type":"string","description_kind":"plain","optional":true,"computed":true},"src_start_ip6":{"type":"string","description_kind":"plain","optional":true,"computed":true},"src_subnet":{"type":"string","description_kind":"plain","optional":true,"computed":true},"src_subnet6":{"type":"string","description_kind":"plain","optional":true,"computed":true}},"description_kind":"plain"}},"fortios_vpnssl_settings":{"version":0,"block":{"attributes":{"algorithm":{"type":"string","description_kind":"plain","optional":true,"computed":true},"auth_session_check_source_ip":{"type":"string","description_kind":"plain","optional":true,"computed":true},"auth_timeout":{"type":"number","description_kind":"plain","optional":true,"computed":true},"auto_tunnel_static_route":{"type":"string","description_kind":"plain","optional":true,"computed":true},"banned_cipher":{"type":"string","description_kind":"plain","optional":true,"computed":true},"check_referer":{"type":"string","description_kind":"plain","optional":true,"computed":true},"default_portal":{"type":"string","description_kind":"plain","optional":true,"computed":true},"deflate_compression_level":{"type":"number","description_kind":"plain","optional":true,"computed":true},"deflate_min_data_size":{"type":"number","description_kind":"plain","optional":true,"computed":true},"dns_server1":{"type":"string","description_kind":"plain","optional":true,"computed":true},"dns_server2":{"type":"string","description_kind":"plain","optional":true,"computed":true},"dns_suffix":{"type":"string","description_kind":"plain","optional":true},"dtls_hello_timeout":{"type":"number","description_kind":"plain","optional":true,"computed":true},"dtls_tunnel":{"type":"string","description_kind":"plain","optional":true,"computed":true},"force_two_factor_auth":{"type":"string","description_kind":"plain","optional":true,"computed":true},"header_x_forwarded_for":{"type":"string","description_kind":"plain","optional":true,"computed":true},"http_compression":{"type":"string","description_kind":"plain","optional":true,"computed":true},"http_only_cookie":{"type":"string","description_kind":"plain","optional":true,"computed":true},"http_request_body_timeout":{"type":"number","description_kind":"plain","optional":true,"computed":true},"http_request_header_timeout":{"type":"number","description_kind":"plain","optional":true,"computed":true},"https_redirect":{"type":"string","description_kind":"plain","optional":true,"computed":true},"id":{"type":"string","description_kind":"plain","optional":true,"computed":true},"idle_timeout":{"type":"number","description_kind":"plain","optional":true,"computed":true},"ipv6_dns_server1":{"type":"string","description_kind":"plain","optional":true,"computed":true},"ipv6_dns_server2":{"type":"string","description_kind":"plain","optional":true,"computed":true},"ipv6_wins_server1":{"type":"string","description_kind":"plain","optional":true,"computed":true},"ipv6_wins_server2":{"type":"string","description_kind":"plain","optional":true,"computed":true},"login_attempt_limit":{"type":"number","description_kind":"plain","optional":true,"computed":true},"login_block_time":{"type":"number","description_kind":"plain","optional":true,"computed":true},"login_timeout":{"type":"number","description_kind":"plain","optional":true,"computed":true},"port":{"type":"number","description_kind":"plain","optional":true,"computed":true},"port_precedence":{"type":"string","description_kind":"plain","optional":true,"computed":true},"reqclientcert":{"type":"string","description_kind":"plain","optional":true,"computed":true},"route_source_interface":{"type":"string","description_kind":"plain","optional":true,"computed":true},"servercert":{"type":"string","description_kind":"plain","optional":true,"computed":true},"source_address6_negate":{"type":"string","description_kind":"plain","optional":true,"computed":true},"source_address_negate":{"type":"string","description_kind":"plain","optional":true,"computed":true},"ssl_client_renegotiation":{"type":"string","description_kind":"plain","optional":true,"computed":true},"ssl_insert_empty_fragment":{"type":"string","description_kind":"plain","optional":true,"computed":true},"ssl_max_proto_ver":{"type":"string","description_kind":"plain","optional":true,"computed":true},"ssl_min_proto_ver":{"type":"string","description_kind":"plain","optional":true,"computed":true},"tlsv1_0":{"type":"string","description_kind":"plain","optional":true,"computed":true},"tlsv1_1":{"type":"string","description_kind":"plain","optional":true,"computed":true},"tlsv1_2":{"type":"string","description_kind":"plain","optional":true,"computed":true},"tlsv1_3":{"type":"string","description_kind":"plain","optional":true,"computed":true},"tunnel_connect_without_reauth":{"type":"string","description_kind":"plain","optional":true,"computed":true},"tunnel_user_session_timeout":{"type":"number","description_kind":"plain","optional":true,"computed":true},"unsafe_legacy_renegotiation":{"type":"string","description_kind":"plain","optional":true,"computed":true},"url_obscuration":{"type":"string","description_kind":"plain","optional":true,"computed":true},"wins_server1":{"type":"string","description_kind":"plain","optional":true,"computed":true},"wins_server2":{"type":"string","description_kind":"plain","optional":true,"computed":true},"x_content_type_options":{"type":"string","description_kind":"plain","optional":true,"computed":true}},"block_types":{"authentication_rule":{"nesting_mode":"list","block":{"attributes":{"auth":{"type":"string","description_kind":"plain","optional":true,"computed":true},"cipher":{"type":"string","description_kind":"plain","optional":true,"computed":true},"client_cert":{"type":"string","description_kind":"plain","optional":true,"computed":true},"id":{"type":"number","description_kind":"plain","optional":true,"computed":true},"portal":{"type":"string","description_kind":"plain","optional":true,"computed":true},"realm":{"type":"string","description_kind":"plain","optional":true,"computed":true},"source_address6_negate":{"type":"string","description_kind":"plain","optional":true,"computed":true},"source_address_negate":{"type":"string","description_kind":"plain","optional":true,"computed":true}},"block_types":{"groups":{"nesting_mode":"list","block":{"attributes":{"name":{"type":"string","description_kind":"plain","optional":true,"computed":true}},"description_kind":"plain"}},"source_address":{"nesting_mode":"list","block":{"attributes":{"name":{"type":"string","description_kind":"plain","optional":true,"computed":true}},"description_kind":"plain"}},"source_address6":{"nesting_mode":"list","block":{"attributes":{"name":{"type":"string","description_kind":"plain","optional":true,"computed":true}},"description_kind":"plain"}},"source_interface":{"nesting_mode":"list","block":{"attributes":{"name":{"type":"string","description_kind":"plain","optional":true,"computed":true}},"description_kind":"plain"}},"users":{"nesting_mode":"list","block":{"attributes":{"name":{"type":"string","description_kind":"plain","optional":true,"computed":true}},"description_kind":"plain"}}},"description_kind":"plain"}},"source_address":{"nesting_mode":"list","block":{"attributes":{"name":{"type":"string","description_kind":"plain","optional":true,"computed":true}},"description_kind":"plain"}},"source_address6":{"nesting_mode":"list","block":{"attributes":{"name":{"type":"string","description_kind":"plain","optional":true,"computed":true}},"description_kind":"plain"}},"source_interface":{"nesting_mode":"list","block":{"attributes":{"name":{"type":"string","description_kind":"plain","optional":true,"computed":true}},"description_kind":"plain"}},"tunnel_ip_pools":{"nesting_mode":"list","block":{"attributes":{"name":{"type":"string","description_kind":"plain","optional":true,"computed":true}},"description_kind":"plain"}},"tunnel_ipv6_pools":{"nesting_mode":"list","block":{"attributes":{"name":{"type":"string","description_kind":"plain","optional":true,"computed":true}},"description_kind":"plain"}}},"description_kind":"plain"}},"fortios_vpnsslweb_hostchecksoftware":{"version":0,"block":{"attributes":{"guid":{"type":"string","description_kind":"plain","optional":true,"computed":true},"id":{"type":"string","description_kind":"plain","optional":true,"computed":true},"name":{"type":"string","description_kind":"plain","optional":true,"computed":true},"os_type":{"type":"string","description_kind":"plain","optional":true,"computed":true},"type":{"type":"string","description_kind":"plain","optional":true,"computed":true},"version":{"type":"string","description_kind":"plain","optional":true,"computed":true}},"block_types":{"check_item_list":{"nesting_mode":"list","block":{"attributes":{"action":{"type":"string","description_kind":"plain","optional":true,"computed":true},"id":{"type":"number","description_kind":"plain","optional":true,"computed":true},"target":{"type":"string","description_kind":"plain","optional":true,"computed":true},"type":{"type":"string","description_kind":"plain","optional":true,"computed":true},"version":{"type":"string","description_kind":"plain","optional":true,"computed":true}},"block_types":{"md5s":{"nesting_mode":"list","block":{"attributes":{"id":{"type":"string","description_kind":"plain","optional":true,"computed":true}},"description_kind":"plain"}}},"description_kind":"plain"}}},"description_kind":"plain"}},"fortios_vpnsslweb_portal":{"version":0,"block":{"attributes":{"allow_user_access":{"type":"string","description_kind":"plain","optional":true,"computed":true},"auto_connect":{"type":"string","description_kind":"plain","optional":true,"computed":true},"custom_lang":{"type":"string","description_kind":"plain","optional":true,"computed":true},"customize_forticlient_download_url":{"type":"string","description_kind":"plain","optional":true,"computed":true},"display_bookmark":{"type":"string","description_kind":"plain","optional":true,"computed":true},"display_connection_tools":{"type":"string","description_kind":"plain","optional":true,"computed":true},"display_history":{"type":"string","description_kind":"plain","optional":true,"computed":true},"display_status":{"type":"string","description_kind":"plain","optional":true,"computed":true},"dns_server1":{"type":"string","description_kind":"plain","optional":true,"computed":true},"dns_server2":{"type":"string","description_kind":"plain","optional":true,"computed":true},"dns_suffix":{"type":"string","description_kind":"plain","optional":true},"exclusive_routing":{"type":"string","description_kind":"plain","optional":true,"computed":true},"forticlient_download":{"type":"string","description_kind":"plain","optional":true,"computed":true},"forticlient_download_method":{"type":"string","description_kind":"plain","optional":true,"computed":true},"heading":{"type":"string","description_kind":"plain","optional":true,"computed":true},"hide_sso_credential":{"type":"string","description_kind":"plain","optional":true,"computed":true},"host_check":{"type":"string","description_kind":"plain","optional":true,"computed":true},"host_check_interval":{"type":"number","description_kind":"plain","optional":true,"computed":true},"id":{"type":"string","description_kind":"plain","optional":true,"computed":true},"ip_mode":{"type":"string","description_kind":"plain","optional":true,"computed":true},"ipv6_dns_server1":{"type":"string","description_kind":"plain","optional":true,"computed":true},"ipv6_dns_server2":{"type":"string","description_kind":"plain","optional":true,"computed":true},"ipv6_exclusive_routing":{"type":"string","description_kind":"plain","optional":true,"computed":true},"ipv6_service_restriction":{"type":"string","description_kind":"plain","optional":true,"computed":true},"ipv6_split_tunneling":{"type":"string","description_kind":"plain","optional":true,"computed":true},"ipv6_tunnel_mode":{"type":"string","description_kind":"plain","optional":true,"computed":true},"ipv6_wins_server1":{"type":"string","description_kind":"plain","optional":true,"computed":true},"ipv6_wins_server2":{"type":"string","description_kind":"plain","optional":true,"computed":true},"keep_alive":{"type":"string","description_kind":"plain","optional":true,"computed":true},"limit_user_logins":{"type":"string","description_kind":"plain","optional":true,"computed":true},"mac_addr_action":{"type":"string","description_kind":"plain","optional":true,"computed":true},"mac_addr_check":{"type":"string","description_kind":"plain","optional":true,"computed":true},"macos_forticlient_download_url":{"type":"string","description_kind":"plain","optional":true},"name":{"type":"string","description_kind":"plain","optional":true,"computed":true},"os_check":{"type":"string","description_kind":"plain","optional":true,"computed":true},"redir_url":{"type":"string","description_kind":"plain","optional":true},"save_password":{"type":"string","description_kind":"plain","optional":true,"computed":true},"service_restriction":{"type":"string","description_kind":"plain","optional":true,"computed":true},"skip_check_for_browser":{"type":"string","description_kind":"plain","optional":true,"computed":true},"skip_check_for_unsupported_os":{"type":"string","description_kind":"plain","optional":true,"computed":true},"smb_ntlmv1_auth":{"type":"string","description_kind":"plain","optional":true,"computed":true},"smbv1":{"type":"string","description_kind":"plain","optional":true,"computed":true},"split_tunneling":{"type":"string","description_kind":"plain","optional":true,"computed":true},"theme":{"type":"string","description_kind":"plain","optional":true,"computed":true},"tunnel_mode":{"type":"string","description_kind":"plain","optional":true,"computed":true},"user_bookmark":{"type":"string","description_kind":"plain","optional":true,"computed":true},"user_group_bookmark":{"type":"string","description_kind":"plain","optional":true,"computed":true},"web_mode":{"type":"string","description_kind":"plain","optional":true,"computed":true},"windows_forticlient_download_url":{"type":"string","description_kind":"plain","optional":true},"wins_server1":{"type":"string","description_kind":"plain","optional":true,"computed":true},"wins_server2":{"type":"string","description_kind":"plain","optional":true,"computed":true}},"block_types":{"bookmark_group":{"nesting_mode":"list","block":{"attributes":{"name":{"type":"string","description_kind":"plain","optional":true,"computed":true}},"block_types":{"bookmarks":{"nesting_mode":"list","block":{"attributes":{"additional_params":{"type":"string","description_kind":"plain","optional":true},"apptype":{"type":"string","description_kind":"plain","optional":true,"computed":true},"description":{"type":"string","description_kind":"plain","optional":true},"folder":{"type":"string","description_kind":"plain","optional":true},"host":{"type":"string","description_kind":"plain","optional":true},"listening_port":{"type":"number","description_kind":"plain","optional":true,"computed":true},"load_balancing_info":{"type":"string","description_kind":"plain","optional":true},"logon_password":{"type":"string","description_kind":"plain","optional":true},"logon_user":{"type":"string","description_kind":"plain","optional":true},"name":{"type":"string","description_kind":"plain","optional":true,"computed":true},"port":{"type":"number","description_kind":"plain","optional":true,"computed":true},"preconnection_blob":{"type":"string","description_kind":"plain","optional":true},"preconnection_id":{"type":"number","description_kind":"plain","optional":true,"computed":true},"remote_port":{"type":"number","description_kind":"plain","optional":true,"computed":true},"security":{"type":"string","description_kind":"plain","optional":true,"computed":true},"server_layout":{"type":"string","description_kind":"plain","optional":true,"computed":true},"show_status_window":{"type":"string","description_kind":"plain","optional":true,"computed":true},"sso":{"type":"string","description_kind":"plain","optional":true,"computed":true},"sso_credential":{"type":"string","description_kind":"plain","optional":true,"computed":true},"sso_credential_sent_once":{"type":"string","description_kind":"plain","optional":true,"computed":true},"sso_password":{"type":"string","description_kind":"plain","optional":true},"sso_username":{"type":"string","description_kind":"plain","optional":true},"url":{"type":"string","description_kind":"plain","optional":true}},"block_types":{"form_data":{"nesting_mode":"list","block":{"attributes":{"name":{"type":"string","description_kind":"plain","optional":true,"computed":true},"value":{"type":"string","description_kind":"plain","optional":true}},"description_kind":"plain"}}},"description_kind":"plain"}}},"description_kind":"plain"}},"host_check_policy":{"nesting_mode":"list","block":{"attributes":{"name":{"type":"string","description_kind":"plain","optional":true,"computed":true}},"description_kind":"plain"}},"ip_pools":{"nesting_mode":"list","block":{"attributes":{"name":{"type":"string","description_kind":"plain","optional":true,"computed":true}},"description_kind":"plain"}},"ipv6_pools":{"nesting_mode":"list","block":{"attributes":{"name":{"type":"string","description_kind":"plain","optional":true,"computed":true}},"description_kind":"plain"}},"ipv6_split_tunneling_routing_address":{"nesting_mode":"list","block":{"attributes":{"name":{"type":"string","description_kind":"plain","optional":true,"computed":true}},"description_kind":"plain"}},"mac_addr_check_rule":{"nesting_mode":"list","block":{"attributes":{"mac_addr_mask":{"type":"number","description_kind":"plain","optional":true,"computed":true},"name":{"type":"string","description_kind":"plain","optional":true,"computed":true}},"block_types":{"mac_addr_list":{"nesting_mode":"list","block":{"attributes":{"addr":{"type":"string","description_kind":"plain","optional":true,"computed":true}},"description_kind":"plain"}}},"description_kind":"plain"}},"os_check_list":{"nesting_mode":"list","block":{"attributes":{"action":{"type":"string","description_kind":"plain","optional":true,"computed":true},"latest_patch_level":{"type":"string","description_kind":"plain","optional":true,"computed":true},"name":{"type":"string","description_kind":"plain","optional":true,"computed":true},"tolerance":{"type":"number","description_kind":"plain","optional":true,"computed":true}},"description_kind":"plain"}},"split_dns":{"nesting_mode":"list","block":{"attributes":{"dns_server1":{"type":"string","description_kind":"plain","optional":true,"computed":true},"dns_server2":{"type":"string","description_kind":"plain","optional":true,"computed":true},"domains":{"type":"string","description_kind":"plain","optional":true},"id":{"type":"number","description_kind":"plain","optional":true,"computed":true},"ipv6_dns_server1":{"type":"string","description_kind":"plain","optional":true,"computed":true},"ipv6_dns_server2":{"type":"string","description_kind":"plain","optional":true,"computed":true}},"description_kind":"plain"}},"split_tunneling_routing_address":{"nesting_mode":"list","block":{"attributes":{"name":{"type":"string","description_kind":"plain","optional":true,"computed":true}},"description_kind":"plain"}}},"description_kind":"plain"}},"fortios_vpnsslweb_realm":{"version":0,"block":{"attributes":{"id":{"type":"string","description_kind":"plain","optional":true,"computed":true},"login_page":{"type":"string","description_kind":"plain","optional":true},"max_concurrent_user":{"type":"number","description_kind":"plain","optional":true,"computed":true},"url_path":{"type":"string","description_kind":"plain","optional":true,"computed":true},"virtual_host":{"type":"string","description_kind":"plain","optional":true}},"description_kind":"plain"}},"fortios_vpnsslweb_userbookmark":{"version":0,"block":{"attributes":{"custom_lang":{"type":"string","description_kind":"plain","optional":true,"computed":true},"id":{"type":"string","description_kind":"plain","optional":true,"computed":true},"name":{"type":"string","description_kind":"plain","optional":true,"computed":true}},"block_types":{"bookmarks":{"nesting_mode":"list","block":{"attributes":{"additional_params":{"type":"string","description_kind":"plain","optional":true},"apptype":{"type":"string","description_kind":"plain","optional":true,"computed":true},"description":{"type":"string","description_kind":"plain","optional":true},"folder":{"type":"string","description_kind":"plain","optional":true},"host":{"type":"string","description_kind":"plain","optional":true},"listening_port":{"type":"number","description_kind":"plain","optional":true,"computed":true},"load_balancing_info":{"type":"string","description_kind":"plain","optional":true},"logon_password":{"type":"string","description_kind":"plain","optional":true},"logon_user":{"type":"string","description_kind":"plain","optional":true},"name":{"type":"string","description_kind":"plain","optional":true,"computed":true},"port":{"type":"number","description_kind":"plain","optional":true,"computed":true},"preconnection_blob":{"type":"string","description_kind":"plain","optional":true},"preconnection_id":{"type":"number","description_kind":"plain","optional":true,"computed":true},"remote_port":{"type":"number","description_kind":"plain","optional":true,"computed":true},"security":{"type":"string","description_kind":"plain","optional":true,"computed":true},"server_layout":{"type":"string","description_kind":"plain","optional":true,"computed":true},"show_status_window":{"type":"string","description_kind":"plain","optional":true,"computed":true},"sso":{"type":"string","description_kind":"plain","optional":true,"computed":true},"sso_credential":{"type":"string","description_kind":"plain","optional":true,"computed":true},"sso_credential_sent_once":{"type":"string","description_kind":"plain","optional":true,"computed":true},"sso_password":{"type":"string","description_kind":"plain","optional":true},"sso_username":{"type":"string","description_kind":"plain","optional":true},"url":{"type":"string","description_kind":"plain","optional":true}},"block_types":{"form_data":{"nesting_mode":"list","block":{"attributes":{"name":{"type":"string","description_kind":"plain","optional":true,"computed":true},"value":{"type":"string","description_kind":"plain","optional":true}},"description_kind":"plain"}}},"description_kind":"plain"}}},"description_kind":"plain"}},"fortios_vpnsslweb_usergroupbookmark":{"version":0,"block":{"attributes":{"id":{"type":"string","description_kind":"plain","optional":true,"computed":true},"name":{"type":"string","description_kind":"plain","optional":true,"computed":true}},"block_types":{"bookmarks":{"nesting_mode":"list","block":{"attributes":{"additional_params":{"type":"string","description_kind":"plain","optional":true},"apptype":{"type":"string","description_kind":"plain","optional":true,"computed":true},"description":{"type":"string","description_kind":"plain","optional":true},"folder":{"type":"string","description_kind":"plain","optional":true},"host":{"type":"string","description_kind":"plain","optional":true},"listening_port":{"type":"number","description_kind":"plain","optional":true,"computed":true},"load_balancing_info":{"type":"string","description_kind":"plain","optional":true},"logon_password":{"type":"string","description_kind":"plain","optional":true},"logon_user":{"type":"string","description_kind":"plain","optional":true},"name":{"type":"string","description_kind":"plain","optional":true,"computed":true},"port":{"type":"number","description_kind":"plain","optional":true,"computed":true},"preconnection_blob":{"type":"string","description_kind":"plain","optional":true},"preconnection_id":{"type":"number","description_kind":"plain","optional":true,"computed":true},"remote_port":{"type":"number","description_kind":"plain","optional":true,"computed":true},"security":{"type":"string","description_kind":"plain","optional":true,"computed":true},"server_layout":{"type":"string","description_kind":"plain","optional":true,"computed":true},"show_status_window":{"type":"string","description_kind":"plain","optional":true,"computed":true},"sso":{"type":"string","description_kind":"plain","optional":true,"computed":true},"sso_credential":{"type":"string","description_kind":"plain","optional":true,"computed":true},"sso_credential_sent_once":{"type":"string","description_kind":"plain","optional":true,"computed":true},"sso_password":{"type":"string","description_kind":"plain","optional":true},"sso_username":{"type":"string","description_kind":"plain","optional":true},"url":{"type":"string","description_kind":"plain","optional":true}},"block_types":{"form_data":{"nesting_mode":"list","block":{"attributes":{"name":{"type":"string","description_kind":"plain","optional":true,"computed":true},"value":{"type":"string","description_kind":"plain","optional":true}},"description_kind":"plain"}}},"description_kind":"plain"}}},"description_kind":"plain"}},"fortios_waf_mainclass":{"version":0,"block":{"attributes":{"fosid":{"type":"number","description_kind":"plain","optional":true,"computed":true},"id":{"type":"string","description_kind":"plain","optional":true,"computed":true},"name":{"type":"string","description_kind":"plain","optional":true,"computed":true}},"description_kind":"plain"}},"fortios_waf_profile":{"version":0,"block":{"attributes":{"comment":{"type":"string","description_kind":"plain","optional":true},"extended_log":{"type":"string","description_kind":"plain","optional":true,"computed":true},"external":{"type":"string","description_kind":"plain","optional":true,"computed":true},"id":{"type":"string","description_kind":"plain","optional":true,"computed":true},"name":{"type":"string","description_kind":"plain","optional":true,"computed":true}},"block_types":{"address_list":{"nesting_mode":"list","block":{"attributes":{"blocked_log":{"type":"string","description_kind":"plain","optional":true,"computed":true},"severity":{"type":"string","description_kind":"plain","optional":true,"computed":true},"status":{"type":"string","description_kind":"plain","optional":true,"computed":true}},"block_types":{"blocked_address":{"nesting_mode":"list","block":{"attributes":{"name":{"type":"string","description_kind":"plain","optional":true,"computed":true}},"description_kind":"plain"}},"trusted_address":{"nesting_mode":"list","block":{"attributes":{"name":{"type":"string","description_kind":"plain","optional":true,"computed":true}},"description_kind":"plain"}}},"description_kind":"plain"},"max_items":1},"constraint":{"nesting_mode":"list","block":{"block_types":{"content_length":{"nesting_mode":"list","block":{"attributes":{"action":{"type":"string","description_kind":"plain","optional":true,"computed":true},"length":{"type":"number","description_kind":"plain","optional":true,"computed":true},"log":{"type":"string","description_kind":"plain","optional":true,"computed":true},"severity":{"type":"string","description_kind":"plain","optional":true,"computed":true},"status":{"type":"string","description_kind":"plain","optional":true,"computed":true}},"description_kind":"plain"},"max_items":1},"exception":{"nesting_mode":"list","block":{"attributes":{"address":{"type":"string","description_kind":"plain","optional":true,"computed":true},"content_length":{"type":"string","description_kind":"plain","optional":true,"computed":true},"header_length":{"type":"string","description_kind":"plain","optional":true,"computed":true},"hostname":{"type":"string","description_kind":"plain","optional":true,"computed":true},"id":{"type":"number","description_kind":"plain","optional":true,"computed":true},"line_length":{"type":"string","description_kind":"plain","optional":true,"computed":true},"malformed":{"type":"string","description_kind":"plain","optional":true,"computed":true},"max_cookie":{"type":"string","description_kind":"plain","optional":true,"computed":true},"max_header_line":{"type":"string","description_kind":"plain","optional":true,"computed":true},"max_range_segment":{"type":"string","description_kind":"plain","optional":true,"computed":true},"max_url_param":{"type":"string","description_kind":"plain","optional":true,"computed":true},"method":{"type":"string","description_kind":"plain","optional":true,"computed":true},"param_length":{"type":"string","description_kind":"plain","optional":true,"computed":true},"pattern":{"type":"string","description_kind":"plain","optional":true,"computed":true},"regex":{"type":"string","description_kind":"plain","optional":true,"computed":true},"url_param_length":{"type":"string","description_kind":"plain","optional":true,"computed":true},"version":{"type":"string","description_kind":"plain","optional":true,"computed":true}},"description_kind":"plain"}},"header_length":{"nesting_mode":"list","block":{"attributes":{"action":{"type":"string","description_kind":"plain","optional":true,"computed":true},"length":{"type":"number","description_kind":"plain","optional":true,"computed":true},"log":{"type":"string","description_kind":"plain","optional":true,"computed":true},"severity":{"type":"string","description_kind":"plain","optional":true,"computed":true},"status":{"type":"string","description_kind":"plain","optional":true,"computed":true}},"description_kind":"plain"},"max_items":1},"hostname":{"nesting_mode":"list","block":{"attributes":{"action":{"type":"string","description_kind":"plain","optional":true,"computed":true},"log":{"type":"string","description_kind":"plain","optional":true,"computed":true},"severity":{"type":"string","description_kind":"plain","optional":true,"computed":true},"status":{"type":"string","description_kind":"plain","optional":true,"computed":true}},"description_kind":"plain"},"max_items":1},"line_length":{"nesting_mode":"list","block":{"attributes":{"action":{"type":"string","description_kind":"plain","optional":true,"computed":true},"length":{"type":"number","description_kind":"plain","optional":true,"computed":true},"log":{"type":"string","description_kind":"plain","optional":true,"computed":true},"severity":{"type":"string","description_kind":"plain","optional":true,"computed":true},"status":{"type":"string","description_kind":"plain","optional":true,"computed":true}},"description_kind":"plain"},"max_items":1},"malformed":{"nesting_mode":"list","block":{"attributes":{"action":{"type":"string","description_kind":"plain","optional":true,"computed":true},"log":{"type":"string","description_kind":"plain","optional":true,"computed":true},"severity":{"type":"string","description_kind":"plain","optional":true,"computed":true},"status":{"type":"string","description_kind":"plain","optional":true,"computed":true}},"description_kind":"plain"},"max_items":1},"max_cookie":{"nesting_mode":"list","block":{"attributes":{"action":{"type":"string","description_kind":"plain","optional":true,"computed":true},"log":{"type":"string","description_kind":"plain","optional":true,"computed":true},"max_cookie":{"type":"number","description_kind":"plain","optional":true,"computed":true},"severity":{"type":"string","description_kind":"plain","optional":true,"computed":true},"status":{"type":"string","description_kind":"plain","optional":true,"computed":true}},"description_kind":"plain"},"max_items":1},"max_header_line":{"nesting_mode":"list","block":{"attributes":{"action":{"type":"string","description_kind":"plain","optional":true,"computed":true},"log":{"type":"string","description_kind":"plain","optional":true,"computed":true},"max_header_line":{"type":"number","description_kind":"plain","optional":true,"computed":true},"severity":{"type":"string","description_kind":"plain","optional":true,"computed":true},"status":{"type":"string","description_kind":"plain","optional":true,"computed":true}},"description_kind":"plain"},"max_items":1},"max_range_segment":{"nesting_mode":"list","block":{"attributes":{"action":{"type":"string","description_kind":"plain","optional":true,"computed":true},"log":{"type":"string","description_kind":"plain","optional":true,"computed":true},"max_range_segment":{"type":"number","description_kind":"plain","optional":true,"computed":true},"severity":{"type":"string","description_kind":"plain","optional":true,"computed":true},"status":{"type":"string","description_kind":"plain","optional":true,"computed":true}},"description_kind":"plain"},"max_items":1},"max_url_param":{"nesting_mode":"list","block":{"attributes":{"action":{"type":"string","description_kind":"plain","optional":true,"computed":true},"log":{"type":"string","description_kind":"plain","optional":true,"computed":true},"max_url_param":{"type":"number","description_kind":"plain","optional":true,"computed":true},"severity":{"type":"string","description_kind":"plain","optional":true,"computed":true},"status":{"type":"string","description_kind":"plain","optional":true,"computed":true}},"description_kind":"plain"},"max_items":1},"method":{"nesting_mode":"list","block":{"attributes":{"action":{"type":"string","description_kind":"plain","optional":true,"computed":true},"log":{"type":"string","description_kind":"plain","optional":true,"computed":true},"severity":{"type":"string","description_kind":"plain","optional":true,"computed":true},"status":{"type":"string","description_kind":"plain","optional":true,"computed":true}},"description_kind":"plain"},"max_items":1},"param_length":{"nesting_mode":"list","block":{"attributes":{"action":{"type":"string","description_kind":"plain","optional":true,"computed":true},"length":{"type":"number","description_kind":"plain","optional":true,"computed":true},"log":{"type":"string","description_kind":"plain","optional":true,"computed":true},"severity":{"type":"string","description_kind":"plain","optional":true,"computed":true},"status":{"type":"string","description_kind":"plain","optional":true,"computed":true}},"description_kind":"plain"},"max_items":1},"url_param_length":{"nesting_mode":"list","block":{"attributes":{"action":{"type":"string","description_kind":"plain","optional":true,"computed":true},"length":{"type":"number","description_kind":"plain","optional":true,"computed":true},"log":{"type":"string","description_kind":"plain","optional":true,"computed":true},"severity":{"type":"string","description_kind":"plain","optional":true,"computed":true},"status":{"type":"string","description_kind":"plain","optional":true,"computed":true}},"description_kind":"plain"},"max_items":1},"version":{"nesting_mode":"list","block":{"attributes":{"action":{"type":"string","description_kind":"plain","optional":true,"computed":true},"log":{"type":"string","description_kind":"plain","optional":true,"computed":true},"severity":{"type":"string","description_kind":"plain","optional":true,"computed":true},"status":{"type":"string","description_kind":"plain","optional":true,"computed":true}},"description_kind":"plain"},"max_items":1}},"description_kind":"plain"},"max_items":1},"method":{"nesting_mode":"list","block":{"attributes":{"default_allowed_methods":{"type":"string","description_kind":"plain","optional":true,"computed":true},"log":{"type":"string","description_kind":"plain","optional":true,"computed":true},"severity":{"type":"string","description_kind":"plain","optional":true,"computed":true},"status":{"type":"string","description_kind":"plain","optional":true,"computed":true}},"block_types":{"method_policy":{"nesting_mode":"list","block":{"attributes":{"address":{"type":"string","description_kind":"plain","optional":true,"computed":true},"allowed_methods":{"type":"string","description_kind":"plain","optional":true,"computed":true},"id":{"type":"number","description_kind":"plain","optional":true,"computed":true},"pattern":{"type":"string","description_kind":"plain","optional":true,"computed":true},"regex":{"type":"string","description_kind":"plain","optional":true,"computed":true}},"description_kind":"plain"}}},"description_kind":"plain"},"max_items":1},"signature":{"nesting_mode":"list","block":{"attributes":{"credit_card_detection_threshold":{"type":"number","description_kind":"plain","optional":true,"computed":true}},"block_types":{"custom_signature":{"nesting_mode":"list","block":{"attributes":{"action":{"type":"string","description_kind":"plain","optional":true,"computed":true},"case_sensitivity":{"type":"string","description_kind":"plain","optional":true,"computed":true},"direction":{"type":"string","description_kind":"plain","optional":true,"computed":true},"log":{"type":"string","description_kind":"plain","optional":true,"computed":true},"name":{"type":"string","description_kind":"plain","optional":true,"computed":true},"pattern":{"type":"string","description_kind":"plain","optional":true,"computed":true},"severity":{"type":"string","description_kind":"plain","optional":true,"computed":true},"status":{"type":"string","description_kind":"plain","optional":true,"computed":true},"target":{"type":"string","description_kind":"plain","optional":true,"computed":true}},"description_kind":"plain"}},"disabled_signature":{"nesting_mode":"list","block":{"attributes":{"id":{"type":"number","description_kind":"plain","optional":true,"computed":true}},"description_kind":"plain"}},"disabled_sub_class":{"nesting_mode":"list","block":{"attributes":{"id":{"type":"number","description_kind":"plain","optional":true,"computed":true}},"description_kind":"plain"}},"main_class":{"nesting_mode":"list","block":{"attributes":{"action":{"type":"string","description_kind":"plain","optional":true,"computed":true},"id":{"type":"number","description_kind":"plain","optional":true,"computed":true},"log":{"type":"string","description_kind":"plain","optional":true,"computed":true},"severity":{"type":"string","description_kind":"plain","optional":true,"computed":true},"status":{"type":"string","description_kind":"plain","optional":true,"computed":true}},"description_kind":"plain"}}},"description_kind":"plain"},"max_items":1},"url_access":{"nesting_mode":"list","block":{"attributes":{"action":{"type":"string","description_kind":"plain","optional":true,"computed":true},"address":{"type":"string","description_kind":"plain","optional":true,"computed":true},"id":{"type":"number","description_kind":"plain","optional":true,"computed":true},"log":{"type":"string","description_kind":"plain","optional":true,"computed":true},"severity":{"type":"string","description_kind":"plain","optional":true,"computed":true}},"block_types":{"access_pattern":{"nesting_mode":"list","block":{"attributes":{"id":{"type":"number","description_kind":"plain","optional":true,"computed":true},"negate":{"type":"string","description_kind":"plain","optional":true,"computed":true},"pattern":{"type":"string","description_kind":"plain","optional":true,"computed":true},"regex":{"type":"string","description_kind":"plain","optional":true,"computed":true},"srcaddr":{"type":"string","description_kind":"plain","optional":true,"computed":true}},"description_kind":"plain"}}},"description_kind":"plain"}}},"description_kind":"plain"}},"fortios_waf_signature":{"version":0,"block":{"attributes":{"desc":{"type":"string","description_kind":"plain","optional":true,"computed":true},"fosid":{"type":"number","description_kind":"plain","optional":true,"computed":true},"id":{"type":"string","description_kind":"plain","optional":true,"computed":true}},"description_kind":"plain"}},"fortios_waf_subclass":{"version":0,"block":{"attributes":{"fosid":{"type":"number","description_kind":"plain","optional":true,"computed":true},"id":{"type":"string","description_kind":"plain","optional":true,"computed":true},"name":{"type":"string","description_kind":"plain","optional":true,"computed":true}},"description_kind":"plain"}},"fortios_wanopt_authgroup":{"version":0,"block":{"attributes":{"auth_method":{"type":"string","description_kind":"plain","optional":true,"computed":true},"cert":{"type":"string","description_kind":"plain","required":true},"id":{"type":"string","description_kind":"plain","optional":true,"computed":true},"name":{"type":"string","description_kind":"plain","optional":true,"computed":true},"peer":{"type":"string","description_kind":"plain","optional":true,"computed":true},"peer_accept":{"type":"string","description_kind":"plain","optional":true,"computed":true},"psk":{"type":"string","description_kind":"plain","optional":true}},"description_kind":"plain"}},"fortios_wanopt_cacheservice":{"version":0,"block":{"attributes":{"acceptable_connections":{"type":"string","description_kind":"plain","optional":true,"computed":true},"collaboration":{"type":"string","description_kind":"plain","optional":true,"computed":true},"device_id":{"type":"string","description_kind":"plain","optional":true,"computed":true},"id":{"type":"string","description_kind":"plain","optional":true,"computed":true},"prefer_scenario":{"type":"string","description_kind":"plain","optional":true,"computed":true}},"block_types":{"dst_peer":{"nesting_mode":"list","block":{"attributes":{"auth_type":{"type":"number","description_kind":"plain","optional":true,"computed":true},"device_id":{"type":"string","description_kind":"plain","optional":true,"computed":true},"encode_type":{"type":"number","description_kind":"plain","optional":true,"computed":true},"ip":{"type":"string","description_kind":"plain","optional":true,"computed":true},"priority":{"type":"number","description_kind":"plain","optional":true,"computed":true}},"description_kind":"plain"}},"src_peer":{"nesting_mode":"list","block":{"attributes":{"auth_type":{"type":"number","description_kind":"plain","optional":true,"computed":true},"device_id":{"type":"string","description_kind":"plain","optional":true,"computed":true},"encode_type":{"type":"number","description_kind":"plain","optional":true,"computed":true},"ip":{"type":"string","description_kind":"plain","optional":true,"computed":true},"priority":{"type":"number","description_kind":"plain","optional":true,"computed":true}},"description_kind":"plain"}}},"description_kind":"plain"}},"fortios_wanopt_contentdeliverynetworkrule":{"version":0,"block":{"attributes":{"category":{"type":"string","description_kind":"plain","optional":true,"computed":true},"comment":{"type":"string","description_kind":"plain","optional":true},"id":{"type":"string","description_kind":"plain","optional":true,"computed":true},"name":{"type":"string","description_kind":"plain","optional":true,"computed":true},"request_cache_control":{"type":"string","description_kind":"plain","optional":true,"computed":true},"response_cache_control":{"type":"string","description_kind":"plain","optional":true,"computed":true},"response_expires":{"type":"string","description_kind":"plain","optional":true,"computed":true},"status":{"type":"string","description_kind":"plain","optional":true,"computed":true},"text_response_vcache":{"type":"string","description_kind":"plain","optional":true,"computed":true},"updateserver":{"type":"string","description_kind":"plain","optional":true,"computed":true}},"block_types":{"host_domain_name_suffix":{"nesting_mode":"list","block":{"attributes":{"name":{"type":"string","description_kind":"plain","optional":true,"computed":true}},"description_kind":"plain"}},"rules":{"nesting_mode":"list","block":{"attributes":{"match_mode":{"type":"string","description_kind":"plain","optional":true,"computed":true},"name":{"type":"string","description_kind":"plain","optional":true,"computed":true},"skip_rule_mode":{"type":"string","description_kind":"plain","optional":true,"computed":true}},"block_types":{"content_id":{"nesting_mode":"list","block":{"attributes":{"end_direction":{"type":"string","description_kind":"plain","optional":true,"computed":true},"end_skip":{"type":"number","description_kind":"plain","optional":true,"computed":true},"end_str":{"type":"string","description_kind":"plain","optional":true,"computed":true},"range_str":{"type":"string","description_kind":"plain","optional":true,"computed":true},"start_direction":{"type":"string","description_kind":"plain","optional":true,"computed":true},"start_skip":{"type":"number","description_kind":"plain","optional":true,"computed":true},"start_str":{"type":"string","description_kind":"plain","optional":true,"computed":true},"target":{"type":"string","description_kind":"plain","optional":true,"computed":true}},"description_kind":"plain"},"max_items":1},"match_entries":{"nesting_mode":"list","block":{"attributes":{"id":{"type":"number","description_kind":"plain","optional":true,"computed":true},"target":{"type":"string","description_kind":"plain","optional":true,"computed":true}},"block_types":{"pattern":{"nesting_mode":"list","block":{"attributes":{"string":{"type":"string","description_kind":"plain","optional":true,"computed":true}},"description_kind":"plain"}}},"description_kind":"plain"}},"skip_entries":{"nesting_mode":"list","block":{"attributes":{"id":{"type":"number","description_kind":"plain","optional":true,"computed":true},"target":{"type":"string","description_kind":"plain","optional":true,"computed":true}},"block_types":{"pattern":{"nesting_mode":"list","block":{"attributes":{"string":{"type":"string","description_kind":"plain","optional":true,"computed":true}},"description_kind":"plain"}}},"description_kind":"plain"}}},"description_kind":"plain"}}},"description_kind":"plain"}},"fortios_wanopt_peer":{"version":0,"block":{"attributes":{"id":{"type":"string","description_kind":"plain","optional":true,"computed":true},"ip":{"type":"string","description_kind":"plain","optional":true,"computed":true},"peer_host_id":{"type":"string","description_kind":"plain","optional":true,"computed":true}},"description_kind":"plain"}},"fortios_wanopt_profile":{"version":0,"block":{"attributes":{"auth_group":{"type":"string","description_kind":"plain","optional":true,"computed":true},"comments":{"type":"string","description_kind":"plain","optional":true},"id":{"type":"string","description_kind":"plain","optional":true,"computed":true},"name":{"type":"string","description_kind":"plain","optional":true,"computed":true},"transparent":{"type":"string","description_kind":"plain","optional":true,"computed":true}},"block_types":{"cifs":{"nesting_mode":"list","block":{"attributes":{"byte_caching":{"type":"string","description_kind":"plain","optional":true,"computed":true},"log_traffic":{"type":"string","description_kind":"plain","optional":true,"computed":true},"port":{"type":"number","description_kind":"plain","optional":true,"computed":true},"prefer_chunking":{"type":"string","description_kind":"plain","optional":true,"computed":true},"secure_tunnel":{"type":"string","description_kind":"plain","optional":true,"computed":true},"status":{"type":"string","description_kind":"plain","optional":true,"computed":true},"tunnel_sharing":{"type":"string","description_kind":"plain","optional":true,"computed":true}},"description_kind":"plain"},"max_items":1},"ftp":{"nesting_mode":"list","block":{"attributes":{"byte_caching":{"type":"string","description_kind":"plain","optional":true,"computed":true},"log_traffic":{"type":"string","description_kind":"plain","optional":true,"computed":true},"port":{"type":"number","description_kind":"plain","optional":true,"computed":true},"prefer_chunking":{"type":"string","description_kind":"plain","optional":true,"computed":true},"secure_tunnel":{"type":"string","description_kind":"plain","optional":true,"computed":true},"status":{"type":"string","description_kind":"plain","optional":true,"computed":true},"tunnel_sharing":{"type":"string","description_kind":"plain","optional":true,"computed":true}},"description_kind":"plain"},"max_items":1},"http":{"nesting_mode":"list","block":{"attributes":{"byte_caching":{"type":"string","description_kind":"plain","optional":true,"computed":true},"log_traffic":{"type":"string","description_kind":"plain","optional":true,"computed":true},"port":{"type":"number","description_kind":"plain","optional":true,"computed":true},"prefer_chunking":{"type":"string","description_kind":"plain","optional":true,"computed":true},"secure_tunnel":{"type":"string","description_kind":"plain","optional":true,"computed":true},"ssl":{"type":"string","description_kind":"plain","optional":true,"computed":true},"ssl_port":{"type":"number","description_kind":"plain","optional":true,"computed":true},"status":{"type":"string","description_kind":"plain","optional":true,"computed":true},"tunnel_non_http":{"type":"string","description_kind":"plain","optional":true,"computed":true},"tunnel_sharing":{"type":"string","description_kind":"plain","optional":true,"computed":true},"unknown_http_version":{"type":"string","description_kind":"plain","optional":true,"computed":true}},"description_kind":"plain"},"max_items":1},"mapi":{"nesting_mode":"list","block":{"attributes":{"byte_caching":{"type":"string","description_kind":"plain","optional":true,"computed":true},"log_traffic":{"type":"string","description_kind":"plain","optional":true,"computed":true},"port":{"type":"number","description_kind":"plain","optional":true,"computed":true},"secure_tunnel":{"type":"string","description_kind":"plain","optional":true,"computed":true},"status":{"type":"string","description_kind":"plain","optional":true,"computed":true},"tunnel_sharing":{"type":"string","description_kind":"plain","optional":true,"computed":true}},"description_kind":"plain"},"max_items":1},"tcp":{"nesting_mode":"list","block":{"attributes":{"byte_caching":{"type":"string","description_kind":"plain","optional":true,"computed":true},"byte_caching_opt":{"type":"string","description_kind":"plain","optional":true,"computed":true},"log_traffic":{"type":"string","description_kind":"plain","optional":true,"computed":true},"port":{"type":"string","description_kind":"plain","optional":true,"computed":true},"secure_tunnel":{"type":"string","description_kind":"plain","optional":true,"computed":true},"ssl":{"type":"string","description_kind":"plain","optional":true,"computed":true},"ssl_port":{"type":"number","description_kind":"plain","optional":true,"computed":true},"status":{"type":"string","description_kind":"plain","optional":true,"computed":true},"tunnel_sharing":{"type":"string","description_kind":"plain","optional":true,"computed":true}},"description_kind":"plain"},"max_items":1}},"description_kind":"plain"}},"fortios_wanopt_remotestorage":{"version":0,"block":{"attributes":{"id":{"type":"string","description_kind":"plain","optional":true,"computed":true},"local_cache_id":{"type":"string","description_kind":"plain","optional":true,"computed":true},"remote_cache_id":{"type":"string","description_kind":"plain","optional":true,"computed":true},"remote_cache_ip":{"type":"string","description_kind":"plain","optional":true,"computed":true},"status":{"type":"string","description_kind":"plain","optional":true,"computed":true}},"description_kind":"plain"}},"fortios_wanopt_settings":{"version":0,"block":{"attributes":{"auto_detect_algorithm":{"type":"string","description_kind":"plain","optional":true,"computed":true},"host_id":{"type":"string","description_kind":"plain","required":true},"id":{"type":"string","description_kind":"plain","optional":true,"computed":true},"tunnel_ssl_algorithm":{"type":"string","description_kind":"plain","optional":true,"computed":true}},"description_kind":"plain"}},"fortios_wanopt_webcache":{"version":0,"block":{"attributes":{"always_revalidate":{"type":"string","description_kind":"plain","optional":true,"computed":true},"cache_by_default":{"type":"string","description_kind":"plain","optional":true,"computed":true},"cache_cookie":{"type":"string","description_kind":"plain","optional":true,"computed":true},"cache_expired":{"type":"string","description_kind":"plain","optional":true,"computed":true},"default_ttl":{"type":"number","description_kind":"plain","optional":true,"computed":true},"external":{"type":"string","description_kind":"plain","optional":true,"computed":true},"fresh_factor":{"type":"number","description_kind":"plain","optional":true,"computed":true},"host_validate":{"type":"string","description_kind":"plain","optional":true,"computed":true},"id":{"type":"string","description_kind":"plain","optional":true,"computed":true},"ignore_conditional":{"type":"string","description_kind":"plain","optional":true,"computed":true},"ignore_ie_reload":{"type":"string","description_kind":"plain","optional":true,"computed":true},"ignore_ims":{"type":"string","description_kind":"plain","optional":true,"computed":true},"ignore_pnc":{"type":"string","description_kind":"plain","optional":true,"computed":true},"max_object_size":{"type":"number","description_kind":"plain","optional":true,"computed":true},"max_ttl":{"type":"number","description_kind":"plain","optional":true,"computed":true},"min_ttl":{"type":"number","description_kind":"plain","optional":true,"computed":true},"neg_resp_time":{"type":"number","description_kind":"plain","optional":true,"computed":true},"reval_pnc":{"type":"string","description_kind":"plain","optional":true,"computed":true}},"description_kind":"plain"}},"fortios_webfilter_content":{"version":0,"block":{"attributes":{"comment":{"type":"string","description_kind":"plain","optional":true},"fosid":{"type":"number","description_kind":"plain","required":true},"id":{"type":"string","description_kind":"plain","optional":true,"computed":true},"name":{"type":"string","description_kind":"plain","required":true}},"block_types":{"entries":{"nesting_mode":"list","block":{"attributes":{"action":{"type":"string","description_kind":"plain","optional":true,"computed":true},"lang":{"type":"string","description_kind":"plain","optional":true,"computed":true},"name":{"type":"string","description_kind":"plain","optional":true,"computed":true},"pattern_type":{"type":"string","description_kind":"plain","optional":true,"computed":true},"score":{"type":"number","description_kind":"plain","optional":true,"computed":true},"status":{"type":"string","description_kind":"plain","optional":true,"computed":true}},"description_kind":"plain"}}},"description_kind":"plain"}},"fortios_webfilter_contentheader":{"version":0,"block":{"attributes":{"comment":{"type":"string","description_kind":"plain","optional":true},"fosid":{"type":"number","description_kind":"plain","required":true},"id":{"type":"string","description_kind":"plain","optional":true,"computed":true},"name":{"type":"string","description_kind":"plain","required":true}},"block_types":{"entries":{"nesting_mode":"list","block":{"attributes":{"action":{"type":"string","description_kind":"plain","optional":true,"computed":true},"category":{"type":"string","description_kind":"plain","optional":true,"computed":true},"pattern":{"type":"string","description_kind":"plain","optional":true,"computed":true}},"description_kind":"plain"}}},"description_kind":"plain"}},"fortios_webfilter_fortiguard":{"version":0,"block":{"attributes":{"cache_mem_percent":{"type":"number","description_kind":"plain","optional":true,"computed":true},"cache_mode":{"type":"string","description_kind":"plain","optional":true,"computed":true},"cache_prefix_match":{"type":"string","description_kind":"plain","optional":true,"computed":true},"close_ports":{"type":"string","description_kind":"plain","optional":true,"computed":true},"id":{"type":"string","description_kind":"plain","optional":true,"computed":true},"ovrd_auth_https":{"type":"string","description_kind":"plain","optional":true,"computed":true},"ovrd_auth_port":{"type":"number","description_kind":"plain","optional":true,"computed":true},"ovrd_auth_port_http":{"type":"number","description_kind":"plain","optional":true,"computed":true},"ovrd_auth_port_https":{"type":"number","description_kind":"plain","optional":true,"computed":true},"ovrd_auth_port_https_flow":{"type":"number","description_kind":"plain","optional":true,"computed":true},"ovrd_auth_port_warning":{"type":"number","description_kind":"plain","optional":true,"computed":true},"request_packet_size_limit":{"type":"number","description_kind":"plain","optional":true,"computed":true},"warn_auth_https":{"type":"string","description_kind":"plain","optional":true,"computed":true}},"description_kind":"plain"}},"fortios_webfilter_ftgdlocalcat":{"version":0,"block":{"attributes":{"desc":{"type":"string","description_kind":"plain","optional":true,"computed":true},"fosid":{"type":"number","description_kind":"plain","optional":true,"computed":true},"id":{"type":"string","description_kind":"plain","optional":true,"computed":true},"status":{"type":"string","description_kind":"plain","optional":true,"computed":true}},"description_kind":"plain"}},"fortios_webfilter_ftgdlocalrating":{"version":0,"block":{"attributes":{"id":{"type":"string","description_kind":"plain","optional":true,"computed":true},"rating":{"type":"string","description_kind":"plain","required":true},"status":{"type":"string","description_kind":"plain","optional":true,"computed":true},"url":{"type":"string","description_kind":"plain","optional":true,"computed":true}},"description_kind":"plain"}},"fortios_webfilter_ipsurlfiltercachesetting":{"version":0,"block":{"attributes":{"dns_retry_interval":{"type":"number","description_kind":"plain","optional":true,"computed":true},"extended_ttl":{"type":"number","description_kind":"plain","optional":true,"computed":true},"id":{"type":"string","description_kind":"plain","optional":true,"computed":true}},"description_kind":"plain"}},"fortios_webfilter_ipsurlfiltersetting":{"version":0,"block":{"attributes":{"device":{"type":"string","description_kind":"plain","optional":true,"computed":true},"distance":{"type":"number","description_kind":"plain","optional":true,"computed":true},"gateway":{"type":"string","description_kind":"plain","optional":true,"computed":true},"geo_filter":{"type":"string","description_kind":"plain","optional":true},"id":{"type":"string","description_kind":"plain","optional":true,"computed":true}},"description_kind":"plain"}},"fortios_webfilter_ipsurlfiltersetting6":{"version":0,"block":{"attributes":{"device":{"type":"string","description_kind":"plain","optional":true,"computed":true},"distance":{"type":"number","description_kind":"plain","optional":true,"computed":true},"gateway6":{"type":"string","description_kind":"plain","optional":true,"computed":true},"geo_filter":{"type":"string","description_kind":"plain","optional":true},"id":{"type":"string","description_kind":"plain","optional":true,"computed":true}},"description_kind":"plain"}},"fortios_webfilter_override":{"version":0,"block":{"attributes":{"expires":{"type":"string","description_kind":"plain","required":true},"fosid":{"type":"number","description_kind":"plain","optional":true,"computed":true},"id":{"type":"string","description_kind":"plain","optional":true,"computed":true},"initiator":{"type":"string","description_kind":"plain","optional":true,"computed":true},"ip":{"type":"string","description_kind":"plain","optional":true,"computed":true},"ip6":{"type":"string","description_kind":"plain","optional":true,"computed":true},"new_profile":{"type":"string","description_kind":"plain","required":true},"old_profile":{"type":"string","description_kind":"plain","required":true},"scope":{"type":"string","description_kind":"plain","optional":true,"computed":true},"status":{"type":"string","description_kind":"plain","optional":true,"computed":true},"user":{"type":"string","description_kind":"plain","required":true},"user_group":{"type":"string","description_kind":"plain","optional":true,"computed":true}},"description_kind":"plain"}},"fortios_webfilter_profile":{"version":0,"block":{"attributes":{"comment":{"type":"string","description_kind":"plain","optional":true},"extended_log":{"type":"string","description_kind":"plain","optional":true,"computed":true},"https_replacemsg":{"type":"string","description_kind":"plain","optional":true,"computed":true},"id":{"type":"string","description_kind":"plain","optional":true,"computed":true},"inspection_mode":{"type":"string","description_kind":"plain","optional":true,"computed":true},"log_all_url":{"type":"string","description_kind":"plain","optional":true,"computed":true},"name":{"type":"string","description_kind":"plain","required":true},"options":{"type":"string","description_kind":"plain","optional":true,"computed":true},"ovrd_perm":{"type":"string","description_kind":"plain","optional":true,"computed":true},"post_action":{"type":"string","description_kind":"plain","optional":true,"computed":true},"replacemsg_group":{"type":"string","description_kind":"plain","optional":true,"computed":true},"web_content_log":{"type":"string","description_kind":"plain","optional":true,"computed":true},"web_extended_all_action_log":{"type":"string","description_kind":"plain","optional":true,"computed":true},"web_filter_activex_log":{"type":"string","description_kind":"plain","optional":true,"computed":true},"web_filter_applet_log":{"type":"string","description_kind":"plain","optional":true,"computed":true},"web_filter_command_block_log":{"type":"string","description_kind":"plain","optional":true,"computed":true},"web_filter_cookie_log":{"type":"string","description_kind":"plain","optional":true,"computed":true},"web_filter_cookie_removal_log":{"type":"string","description_kind":"plain","optional":true,"computed":true},"web_filter_js_log":{"type":"string","description_kind":"plain","optional":true,"computed":true},"web_filter_jscript_log":{"type":"string","description_kind":"plain","optional":true,"computed":true},"web_filter_referer_log":{"type":"string","description_kind":"plain","optional":true,"computed":true},"web_filter_unknown_log":{"type":"string","description_kind":"plain","optional":true,"computed":true},"web_filter_vbs_log":{"type":"string","description_kind":"plain","optional":true,"computed":true},"web_ftgd_err_log":{"type":"string","description_kind":"plain","optional":true,"computed":true},"web_ftgd_quota_usage":{"type":"string","description_kind":"plain","optional":true,"computed":true},"web_invalid_domain_log":{"type":"string","description_kind":"plain","optional":true,"computed":true},"web_url_log":{"type":"string","description_kind":"plain","optional":true,"computed":true},"wisp":{"type":"string","description_kind":"plain","optional":true,"computed":true},"wisp_algorithm":{"type":"string","description_kind":"plain","optional":true,"computed":true},"youtube_channel_status":{"type":"string","description_kind":"plain","optional":true,"computed":true}},"block_types":{"ftgd_wf":{"nesting_mode":"list","block":{"attributes":{"exempt_quota":{"type":"string","description_kind":"plain","optional":true,"computed":true},"max_quota_timeout":{"type":"number","description_kind":"plain","optional":true,"computed":true},"options":{"type":"string","description_kind":"plain","optional":true,"computed":true},"ovrd":{"type":"string","description_kind":"plain","optional":true,"computed":true},"rate_crl_urls":{"type":"string","description_kind":"plain","optional":true,"computed":true},"rate_css_urls":{"type":"string","description_kind":"plain","optional":true,"computed":true},"rate_image_urls":{"type":"string","description_kind":"plain","optional":true,"computed":true},"rate_javascript_urls":{"type":"string","description_kind":"plain","optional":true,"computed":true}},"block_types":{"filters":{"nesting_mode":"list","block":{"attributes":{"action":{"type":"string","description_kind":"plain","optional":true,"computed":true},"category":{"type":"number","description_kind":"plain","optional":true,"computed":true},"id":{"type":"number","description_kind":"plain","optional":true,"computed":true},"log":{"type":"string","description_kind":"plain","optional":true,"computed":true},"override_replacemsg":{"type":"string","description_kind":"plain","optional":true,"computed":true},"warn_duration":{"type":"string","description_kind":"plain","optional":true,"computed":true},"warning_duration_type":{"type":"string","description_kind":"plain","optional":true,"computed":true},"warning_prompt":{"type":"string","description_kind":"plain","optional":true,"computed":true}},"block_types":{"auth_usr_grp":{"nesting_mode":"list","block":{"attributes":{"name":{"type":"string","description_kind":"plain","optional":true,"computed":true}},"description_kind":"plain"}}},"description_kind":"plain"}},"quota":{"nesting_mode":"list","block":{"attributes":{"category":{"type":"string","description_kind":"plain","optional":true,"computed":true},"duration":{"type":"string","description_kind":"plain","optional":true,"computed":true},"id":{"type":"number","description_kind":"plain","optional":true,"computed":true},"override_replacemsg":{"type":"string","description_kind":"plain","optional":true,"computed":true},"type":{"type":"string","description_kind":"plain","optional":true,"computed":true},"unit":{"type":"string","description_kind":"plain","optional":true,"computed":true},"value":{"type":"number","description_kind":"plain","optional":true,"computed":true}},"description_kind":"plain"}}},"description_kind":"plain"},"max_items":1},"override":{"nesting_mode":"list","block":{"attributes":{"ovrd_cookie":{"type":"string","description_kind":"plain","optional":true,"computed":true},"ovrd_dur":{"type":"string","description_kind":"plain","optional":true,"computed":true},"ovrd_dur_mode":{"type":"string","description_kind":"plain","optional":true,"computed":true},"ovrd_scope":{"type":"string","description_kind":"plain","optional":true,"computed":true},"profile_attribute":{"type":"string","description_kind":"plain","optional":true,"computed":true},"profile_type":{"type":"string","description_kind":"plain","optional":true,"computed":true}},"block_types":{"ovrd_user_group":{"nesting_mode":"list","block":{"attributes":{"name":{"type":"string","description_kind":"plain","optional":true,"computed":true}},"description_kind":"plain"}},"profile":{"nesting_mode":"list","block":{"attributes":{"name":{"type":"string","description_kind":"plain","optional":true,"computed":true}},"description_kind":"plain"}}},"description_kind":"plain"},"max_items":1},"web":{"nesting_mode":"list","block":{"attributes":{"blacklist":{"type":"string","description_kind":"plain","optional":true,"computed":true},"bword_table":{"type":"number","description_kind":"plain","optional":true,"computed":true},"bword_threshold":{"type":"number","description_kind":"plain","optional":true,"computed":true},"content_header_list":{"type":"number","description_kind":"plain","optional":true,"computed":true},"log_search":{"type":"string","description_kind":"plain","optional":true,"computed":true},"safe_search":{"type":"string","description_kind":"plain","optional":true,"computed":true},"urlfilter_table":{"type":"number","description_kind":"plain","optional":true,"computed":true},"whitelist":{"type":"string","description_kind":"plain","optional":true,"computed":true},"youtube_restrict":{"type":"string","description_kind":"plain","optional":true,"computed":true}},"block_types":{"keyword_match":{"nesting_mode":"list","block":{"attributes":{"pattern":{"type":"string","description_kind":"plain","optional":true,"computed":true}},"description_kind":"plain"}}},"description_kind":"plain"},"max_items":1},"wisp_servers":{"nesting_mode":"list","block":{"attributes":{"name":{"type":"string","description_kind":"plain","optional":true,"computed":true}},"description_kind":"plain"}},"youtube_channel_filter":{"nesting_mode":"list","block":{"attributes":{"channel_id":{"type":"string","description_kind":"plain","optional":true,"computed":true},"comment":{"type":"string","description_kind":"plain","optional":true},"id":{"type":"number","description_kind":"plain","optional":true,"computed":true}},"description_kind":"plain"}}},"description_kind":"plain"}},"fortios_webfilter_searchengine":{"version":0,"block":{"attributes":{"charset":{"type":"string","description_kind":"plain","optional":true,"computed":true},"hostname":{"type":"string","description_kind":"plain","optional":true,"computed":true},"id":{"type":"string","description_kind":"plain","optional":true,"computed":true},"name":{"type":"string","description_kind":"plain","required":true},"query":{"type":"string","description_kind":"plain","optional":true,"computed":true},"safesearch":{"type":"string","description_kind":"plain","optional":true,"computed":true},"safesearch_str":{"type":"string","description_kind":"plain","optional":true,"computed":true},"url":{"type":"string","description_kind":"plain","optional":true,"computed":true}},"description_kind":"plain"}},"fortios_webfilter_urlfilter":{"version":0,"block":{"attributes":{"comment":{"type":"string","description_kind":"plain","optional":true},"fosid":{"type":"number","description_kind":"plain","required":true},"id":{"type":"string","description_kind":"plain","optional":true,"computed":true},"ip_addr_block":{"type":"string","description_kind":"plain","optional":true,"computed":true},"name":{"type":"string","description_kind":"plain","required":true},"one_arm_ips_urlfilter":{"type":"string","description_kind":"plain","optional":true,"computed":true}},"block_types":{"entries":{"nesting_mode":"list","block":{"attributes":{"action":{"type":"string","description_kind":"plain","optional":true,"computed":true},"dns_address_family":{"type":"string","description_kind":"plain","optional":true,"computed":true},"exempt":{"type":"string","description_kind":"plain","optional":true,"computed":true},"id":{"type":"number","description_kind":"plain","optional":true,"computed":true},"referrer_host":{"type":"string","description_kind":"plain","optional":true,"computed":true},"status":{"type":"string","description_kind":"plain","optional":true,"computed":true},"type":{"type":"string","description_kind":"plain","optional":true,"computed":true},"url":{"type":"string","description_kind":"plain","optional":true,"computed":true},"web_proxy_profile":{"type":"string","description_kind":"plain","optional":true,"computed":true}},"description_kind":"plain"}}},"description_kind":"plain"}},"fortios_webproxy_debugurl":{"version":0,"block":{"attributes":{"exact":{"type":"string","description_kind":"plain","optional":true,"computed":true},"id":{"type":"string","description_kind":"plain","optional":true,"computed":true},"name":{"type":"string","description_kind":"plain","optional":true,"computed":true},"status":{"type":"string","description_kind":"plain","optional":true,"computed":true},"url_pattern":{"type":"string","description_kind":"plain","required":true}},"description_kind":"plain"}},"fortios_webproxy_explicit":{"version":0,"block":{"attributes":{"ftp_incoming_port":{"type":"string","description_kind":"plain","optional":true,"computed":true},"ftp_over_http":{"type":"string","description_kind":"plain","optional":true,"computed":true},"http_incoming_port":{"type":"string","description_kind":"plain","optional":true,"computed":true},"https_incoming_port":{"type":"string","description_kind":"plain","optional":true,"computed":true},"https_replacement_message":{"type":"string","description_kind":"plain","optional":true,"computed":true},"id":{"type":"string","description_kind":"plain","optional":true,"computed":true},"incoming_ip":{"type":"string","description_kind":"plain","optional":true,"computed":true},"incoming_ip6":{"type":"string","description_kind":"plain","optional":true,"computed":true},"ipv6_status":{"type":"string","description_kind":"plain","optional":true,"computed":true},"message_upon_server_error":{"type":"string","description_kind":"plain","optional":true,"computed":true},"outgoing_ip":{"type":"string","description_kind":"plain","optional":true,"computed":true},"outgoing_ip6":{"type":"string","description_kind":"plain","optional":true,"computed":true},"pac_file_data":{"type":"string","description_kind":"plain","optional":true,"computed":true},"pac_file_name":{"type":"string","description_kind":"plain","optional":true,"computed":true},"pac_file_server_port":{"type":"string","description_kind":"plain","optional":true,"computed":true},"pac_file_server_status":{"type":"string","description_kind":"plain","optional":true,"computed":true},"pac_file_url":{"type":"string","description_kind":"plain","optional":true,"computed":true},"pref_dns_result":{"type":"string","description_kind":"plain","optional":true,"computed":true},"realm":{"type":"string","description_kind":"plain","optional":true,"computed":true},"sec_default_action":{"type":"string","description_kind":"plain","optional":true,"computed":true},"socks":{"type":"string","description_kind":"plain","optional":true,"computed":true},"socks_incoming_port":{"type":"string","description_kind":"plain","optional":true,"computed":true},"ssl_algorithm":{"type":"string","description_kind":"plain","optional":true,"computed":true},"status":{"type":"string","description_kind":"plain","optional":true,"computed":true},"strict_guest":{"type":"string","description_kind":"plain","optional":true,"computed":true},"trace_auth_no_rsp":{"type":"string","description_kind":"plain","optional":true,"computed":true},"unknown_http_version":{"type":"string","description_kind":"plain","optional":true,"computed":true}},"block_types":{"pac_policy":{"nesting_mode":"list","block":{"attributes":{"comments":{"type":"string","description_kind":"plain","optional":true},"pac_file_data":{"type":"string","description_kind":"plain","optional":true,"computed":true},"pac_file_name":{"type":"string","description_kind":"plain","optional":true,"computed":true},"policyid":{"type":"number","description_kind":"plain","optional":true,"computed":true},"status":{"type":"string","description_kind":"plain","optional":true,"computed":true}},"block_types":{"dstaddr":{"nesting_mode":"list","block":{"attributes":{"name":{"type":"string","description_kind":"plain","optional":true,"computed":true}},"description_kind":"plain"}},"srcaddr":{"nesting_mode":"list","block":{"attributes":{"name":{"type":"string","description_kind":"plain","optional":true,"computed":true}},"description_kind":"plain"}},"srcaddr6":{"nesting_mode":"list","block":{"attributes":{"name":{"type":"string","description_kind":"plain","optional":true,"computed":true}},"description_kind":"plain"}}},"description_kind":"plain"}}},"description_kind":"plain"}},"fortios_webproxy_forwardserver":{"version":0,"block":{"attributes":{"addr_type":{"type":"string","description_kind":"plain","optional":true,"computed":true},"comment":{"type":"string","description_kind":"plain","optional":true,"computed":true},"fqdn":{"type":"string","description_kind":"plain","optional":true,"computed":true},"healthcheck":{"type":"string","description_kind":"plain","optional":true,"computed":true},"id":{"type":"string","description_kind":"plain","optional":true,"computed":true},"ip":{"type":"string","description_kind":"plain","optional":true,"computed":true},"monitor":{"type":"string","description_kind":"plain","optional":true,"computed":true},"name":{"type":"string","description_kind":"plain","optional":true,"computed":true},"port":{"type":"number","description_kind":"plain","optional":true,"computed":true},"server_down_option":{"type":"string","description_kind":"plain","optional":true,"computed":true}},"description_kind":"plain"}},"fortios_webproxy_forwardservergroup":{"version":0,"block":{"attributes":{"affinity":{"type":"string","description_kind":"plain","optional":true,"computed":true},"group_down_option":{"type":"string","description_kind":"plain","optional":true,"computed":true},"id":{"type":"string","description_kind":"plain","optional":true,"computed":true},"ldb_method":{"type":"string","description_kind":"plain","optional":true,"computed":true},"name":{"type":"string","description_kind":"plain","optional":true,"computed":true}},"block_types":{"server_list":{"nesting_mode":"list","block":{"attributes":{"name":{"type":"string","description_kind":"plain","optional":true,"computed":true},"weight":{"type":"number","description_kind":"plain","optional":true,"computed":true}},"description_kind":"plain"}}},"description_kind":"plain"}},"fortios_webproxy_global":{"version":0,"block":{"attributes":{"fast_policy_match":{"type":"string","description_kind":"plain","optional":true,"computed":true},"forward_proxy_auth":{"type":"string","description_kind":"plain","optional":true,"computed":true},"forward_server_affinity_timeout":{"type":"number","description_kind":"plain","optional":true,"computed":true},"id":{"type":"string","description_kind":"plain","optional":true,"computed":true},"learn_client_ip":{"type":"string","description_kind":"plain","optional":true,"computed":true},"learn_client_ip_from_header":{"type":"string","description_kind":"plain","optional":true,"computed":true},"max_message_length":{"type":"number","description_kind":"plain","optional":true,"computed":true},"max_request_length":{"type":"number","description_kind":"plain","optional":true,"computed":true},"max_waf_body_cache_length":{"type":"number","description_kind":"plain","optional":true,"computed":true},"proxy_fqdn":{"type":"string","description_kind":"plain","required":true},"ssl_ca_cert":{"type":"string","description_kind":"plain","optional":true,"computed":true},"ssl_cert":{"type":"string","description_kind":"plain","optional":true,"computed":true},"strict_web_check":{"type":"string","description_kind":"plain","optional":true,"computed":true},"tunnel_non_http":{"type":"string","description_kind":"plain","optional":true,"computed":true},"unknown_http_version":{"type":"string","description_kind":"plain","optional":true,"computed":true},"webproxy_profile":{"type":"string","description_kind":"plain","optional":true,"computed":true}},"block_types":{"learn_client_ip_srcaddr":{"nesting_mode":"list","block":{"attributes":{"name":{"type":"string","description_kind":"plain","optional":true,"computed":true}},"description_kind":"plain"}},"learn_client_ip_srcaddr6":{"nesting_mode":"list","block":{"attributes":{"name":{"type":"string","description_kind":"plain","optional":true,"computed":true}},"description_kind":"plain"}}},"description_kind":"plain"}},"fortios_webproxy_profile":{"version":0,"block":{"attributes":{"header_client_ip":{"type":"string","description_kind":"plain","optional":true,"computed":true},"header_front_end_https":{"type":"string","description_kind":"plain","optional":true,"computed":true},"header_via_request":{"type":"string","description_kind":"plain","optional":true,"computed":true},"header_via_response":{"type":"string","description_kind":"plain","optional":true,"computed":true},"header_x_authenticated_groups":{"type":"string","description_kind":"plain","optional":true,"computed":true},"header_x_authenticated_user":{"type":"string","description_kind":"plain","optional":true,"computed":true},"header_x_forwarded_for":{"type":"string","description_kind":"plain","optional":true,"computed":true},"id":{"type":"string","description_kind":"plain","optional":true,"computed":true},"log_header_change":{"type":"string","description_kind":"plain","optional":true,"computed":true},"name":{"type":"string","description_kind":"plain","optional":true,"computed":true},"strip_encoding":{"type":"string","description_kind":"plain","optional":true,"computed":true}},"block_types":{"headers":{"nesting_mode":"list","block":{"attributes":{"action":{"type":"string","description_kind":"plain","optional":true,"computed":true},"add_option":{"type":"string","description_kind":"plain","optional":true,"computed":true},"base64_encoding":{"type":"string","description_kind":"plain","optional":true,"computed":true},"content":{"type":"string","description_kind":"plain","optional":true,"computed":true},"id":{"type":"number","description_kind":"plain","optional":true,"computed":true},"name":{"type":"string","description_kind":"plain","optional":true,"computed":true},"protocol":{"type":"string","description_kind":"plain","optional":true,"computed":true}},"description_kind":"plain"}}},"description_kind":"plain"}},"fortios_webproxy_urlmatch":{"version":0,"block":{"attributes":{"cache_exemption":{"type":"string","description_kind":"plain","optional":true,"computed":true},"comment":{"type":"string","description_kind":"plain","optional":true},"forward_server":{"type":"string","description_kind":"plain","optional":true,"computed":true},"id":{"type":"string","description_kind":"plain","optional":true,"computed":true},"name":{"type":"string","description_kind":"plain","optional":true,"computed":true},"status":{"type":"string","description_kind":"plain","optional":true,"computed":true},"url_pattern":{"type":"string","description_kind":"plain","required":true}},"description_kind":"plain"}},"fortios_webproxy_wisp":{"version":0,"block":{"attributes":{"comment":{"type":"string","description_kind":"plain","optional":true},"id":{"type":"string","description_kind":"plain","optional":true,"computed":true},"max_connections":{"type":"number","description_kind":"plain","optional":true,"computed":true},"name":{"type":"string","description_kind":"plain","required":true},"outgoing_ip":{"type":"string","description_kind":"plain","optional":true,"computed":true},"server_ip":{"type":"string","description_kind":"plain","required":true},"server_port":{"type":"number","description_kind":"plain","required":true},"timeout":{"type":"number","description_kind":"plain","optional":true,"computed":true}},"description_kind":"plain"}},"fortios_wirelesscontroller_apstatus":{"version":0,"block":{"attributes":{"bssid":{"type":"string","description_kind":"plain","optional":true,"computed":true},"fosid":{"type":"number","description_kind":"plain","optional":true,"computed":true},"id":{"type":"string","description_kind":"plain","optional":true,"computed":true},"ssid":{"type":"string","description_kind":"plain","optional":true,"computed":true},"status":{"type":"string","description_kind":"plain","optional":true,"computed":true}},"description_kind":"plain"}},"fortios_wirelesscontroller_bleprofile":{"version":0,"block":{"attributes":{"advertising":{"type":"string","description_kind":"plain","optional":true,"computed":true},"beacon_interval":{"type":"number","description_kind":"plain","optional":true,"computed":true},"ble_scanning":{"type":"string","description_kind":"plain","optional":true,"computed":true},"comment":{"type":"string","description_kind":"plain","optional":true,"computed":true},"eddystone_instance":{"type":"string","description_kind":"plain","optional":true,"computed":true},"eddystone_namespace":{"type":"string","description_kind":"plain","optional":true,"computed":true},"eddystone_url":{"type":"string","description_kind":"plain","optional":true,"computed":true},"eddystone_url_encode_hex":{"type":"string","description_kind":"plain","optional":true,"computed":true},"ibeacon_uuid":{"type":"string","description_kind":"plain","optional":true,"computed":true},"id":{"type":"string","description_kind":"plain","optional":true,"computed":true},"major_id":{"type":"number","description_kind":"plain","optional":true,"computed":true},"minor_id":{"type":"number","description_kind":"plain","optional":true,"computed":true},"name":{"type":"string","description_kind":"plain","optional":true,"computed":true},"txpower":{"type":"string","description_kind":"plain","optional":true,"computed":true}},"description_kind":"plain"}},"fortios_wirelesscontroller_bonjourprofile":{"version":0,"block":{"attributes":{"comment":{"type":"string","description_kind":"plain","optional":true,"computed":true},"id":{"type":"string","description_kind":"plain","optional":true,"computed":true},"name":{"type":"string","description_kind":"plain","optional":true,"computed":true}},"block_types":{"policy_list":{"nesting_mode":"list","block":{"attributes":{"description":{"type":"string","description_kind":"plain","optional":true,"computed":true},"from_vlan":{"type":"string","description_kind":"plain","optional":true,"computed":true},"policy_id":{"type":"number","description_kind":"plain","optional":true,"computed":true},"services":{"type":"string","description_kind":"plain","optional":true,"computed":true},"to_vlan":{"type":"string","description_kind":"plain","optional":true,"computed":true}},"description_kind":"plain"}}},"description_kind":"plain"}},"fortios_wirelesscontroller_global":{"version":0,"block":{"attributes":{"ap_log_server":{"type":"string","description_kind":"plain","optional":true,"computed":true},"ap_log_server_ip":{"type":"string","description_kind":"plain","optional":true,"computed":true},"ap_log_server_port":{"type":"number","description_kind":"plain","optional":true,"computed":true},"control_message_offload":{"type":"string","description_kind":"plain","optional":true,"computed":true},"data_ethernet_ii":{"type":"string","description_kind":"plain","optional":true,"computed":true},"discovery_mc_addr":{"type":"string","description_kind":"plain","optional":true,"computed":true},"fiapp_eth_type":{"type":"number","description_kind":"plain","optional":true,"computed":true},"id":{"type":"string","description_kind":"plain","optional":true,"computed":true},"image_download":{"type":"string","description_kind":"plain","optional":true,"computed":true},"ipsec_base_ip":{"type":"string","description_kind":"plain","optional":true,"computed":true},"link_aggregation":{"type":"string","description_kind":"plain","optional":true,"computed":true},"location":{"type":"string","description_kind":"plain","optional":true,"computed":true},"max_clients":{"type":"number","description_kind":"plain","optional":true,"computed":true},"max_retransmit":{"type":"number","description_kind":"plain","optional":true,"computed":true},"mesh_eth_type":{"type":"number","description_kind":"plain","optional":true,"computed":true},"name":{"type":"string","description_kind":"plain","optional":true,"computed":true},"rogue_scan_mac_adjacency":{"type":"number","description_kind":"plain","optional":true,"computed":true},"wtp_share":{"type":"string","description_kind":"plain","optional":true,"computed":true}},"description_kind":"plain"}},"fortios_wirelesscontroller_intercontroller":{"version":0,"block":{"attributes":{"fast_failover_max":{"type":"number","description_kind":"plain","optional":true,"computed":true},"fast_failover_wait":{"type":"number","description_kind":"plain","optional":true,"computed":true},"id":{"type":"string","description_kind":"plain","optional":true,"computed":true},"inter_controller_key":{"type":"string","description_kind":"plain","optional":true},"inter_controller_mode":{"type":"string","description_kind":"plain","optional":true,"computed":true},"inter_controller_pri":{"type":"string","description_kind":"plain","optional":true,"computed":true}},"block_types":{"inter_controller_peer":{"nesting_mode":"list","block":{"attributes":{"id":{"type":"number","description_kind":"plain","optional":true,"computed":true},"peer_ip":{"type":"string","description_kind":"plain","optional":true,"computed":true},"peer_port":{"type":"number","description_kind":"plain","optional":true,"computed":true},"peer_priority":{"type":"string","description_kind":"plain","optional":true,"computed":true}},"description_kind":"plain"}}},"description_kind":"plain"}},"fortios_wirelesscontroller_qosprofile":{"version":0,"block":{"attributes":{"bandwidth_admission_control":{"type":"string","description_kind":"plain","optional":true,"computed":true},"bandwidth_capacity":{"type":"number","description_kind":"plain","optional":true,"computed":true},"burst":{"type":"string","description_kind":"plain","optional":true,"computed":true},"call_admission_control":{"type":"string","description_kind":"plain","optional":true,"computed":true},"call_capacity":{"type":"number","description_kind":"plain","optional":true,"computed":true},"comment":{"type":"string","description_kind":"plain","optional":true,"computed":true},"downlink":{"type":"number","description_kind":"plain","optional":true,"computed":true},"downlink_sta":{"type":"number","description_kind":"plain","optional":true,"computed":true},"dscp_wmm_mapping":{"type":"string","description_kind":"plain","optional":true,"computed":true},"id":{"type":"string","description_kind":"plain","optional":true,"computed":true},"name":{"type":"string","description_kind":"plain","optional":true,"computed":true},"uplink":{"type":"number","description_kind":"plain","optional":true,"computed":true},"uplink_sta":{"type":"number","description_kind":"plain","optional":true,"computed":true},"wmm":{"type":"string","description_kind":"plain","optional":true,"computed":true},"wmm_uapsd":{"type":"string","description_kind":"plain","optional":true,"computed":true}},"block_types":{"dscp_wmm_be":{"nesting_mode":"list","block":{"attributes":{"id":{"type":"number","description_kind":"plain","optional":true,"computed":true}},"description_kind":"plain"}},"dscp_wmm_bk":{"nesting_mode":"list","block":{"attributes":{"id":{"type":"number","description_kind":"plain","optional":true,"computed":true}},"description_kind":"plain"}},"dscp_wmm_vi":{"nesting_mode":"list","block":{"attributes":{"id":{"type":"number","description_kind":"plain","optional":true,"computed":true}},"description_kind":"plain"}},"dscp_wmm_vo":{"nesting_mode":"list","block":{"attributes":{"id":{"type":"number","description_kind":"plain","optional":true,"computed":true}},"description_kind":"plain"}}},"description_kind":"plain"}},"fortios_wirelesscontroller_region":{"version":0,"block":{"attributes":{"comments":{"type":"string","description_kind":"plain","optional":true,"computed":true},"grayscale":{"type":"string","description_kind":"plain","optional":true,"computed":true},"id":{"type":"string","description_kind":"plain","optional":true,"computed":true},"image_type":{"type":"string","description_kind":"plain","optional":true,"computed":true},"name":{"type":"string","description_kind":"plain","optional":true,"computed":true},"opacity":{"type":"number","description_kind":"plain","optional":true,"computed":true}},"description_kind":"plain"}},"fortios_wirelesscontroller_setting":{"version":0,"block":{"attributes":{"account_id":{"type":"string","description_kind":"plain","optional":true,"computed":true},"country":{"type":"string","description_kind":"plain","optional":true,"computed":true},"duplicate_ssid":{"type":"string","description_kind":"plain","optional":true,"computed":true},"fake_ssid_action":{"type":"string","description_kind":"plain","optional":true,"computed":true},"fapc_compatibility":{"type":"string","description_kind":"plain","optional":true,"computed":true},"id":{"type":"string","description_kind":"plain","optional":true,"computed":true},"phishing_ssid_detect":{"type":"string","description_kind":"plain","optional":true,"computed":true}},"block_types":{"offending_ssid":{"nesting_mode":"list","block":{"attributes":{"action":{"type":"string","description_kind":"plain","optional":true,"computed":true},"id":{"type":"number","description_kind":"plain","optional":true,"computed":true},"ssid_pattern":{"type":"string","description_kind":"plain","optional":true,"computed":true}},"description_kind":"plain"}}},"description_kind":"plain"}},"fortios_wirelesscontroller_timers":{"version":0,"block":{"attributes":{"ble_scan_report_intv":{"type":"number","description_kind":"plain","optional":true,"computed":true},"client_idle_timeout":{"type":"number","description_kind":"plain","optional":true,"computed":true},"darrp_day":{"type":"string","description_kind":"plain","optional":true,"computed":true},"darrp_optimize":{"type":"number","description_kind":"plain","optional":true,"computed":true},"discovery_interval":{"type":"number","description_kind":"plain","optional":true,"computed":true},"echo_interval":{"type":"number","description_kind":"plain","optional":true,"computed":true},"fake_ap_log":{"type":"number","description_kind":"plain","optional":true,"computed":true},"id":{"type":"string","description_kind":"plain","optional":true,"computed":true},"ipsec_intf_cleanup":{"type":"number","description_kind":"plain","optional":true,"computed":true},"radio_stats_interval":{"type":"number","description_kind":"plain","optional":true,"computed":true},"rogue_ap_log":{"type":"number","description_kind":"plain","optional":true,"computed":true},"sta_capability_interval":{"type":"number","description_kind":"plain","optional":true,"computed":true},"sta_locate_timer":{"type":"number","description_kind":"plain","optional":true,"computed":true},"sta_stats_interval":{"type":"number","description_kind":"plain","optional":true,"computed":true},"vap_stats_interval":{"type":"number","description_kind":"plain","optional":true,"computed":true}},"block_types":{"darrp_time":{"nesting_mode":"list","block":{"attributes":{"time":{"type":"string","description_kind":"plain","optional":true,"computed":true}},"description_kind":"plain"}}},"description_kind":"plain"}},"fortios_wirelesscontroller_utmprofile":{"version":0,"block":{"attributes":{"antivirus_profile":{"type":"string","description_kind":"plain","optional":true,"computed":true},"application_list":{"type":"string","description_kind":"plain","optional":true,"computed":true},"comment":{"type":"string","description_kind":"plain","optional":true,"computed":true},"id":{"type":"string","description_kind":"plain","optional":true,"computed":true},"ips_sensor":{"type":"string","description_kind":"plain","optional":true,"computed":true},"name":{"type":"string","description_kind":"plain","optional":true,"computed":true},"scan_botnet_connections":{"type":"string","description_kind":"plain","optional":true,"computed":true},"utm_log":{"type":"string","description_kind":"plain","optional":true,"computed":true},"webfilter_profile":{"type":"string","description_kind":"plain","optional":true,"computed":true}},"description_kind":"plain"}},"fortios_wirelesscontroller_vap":{"version":0,"block":{"attributes":{"acct_interim_interval":{"type":"number","description_kind":"plain","optional":true,"computed":true},"alias":{"type":"string","description_kind":"plain","optional":true,"computed":true},"atf_weight":{"type":"number","description_kind":"plain","optional":true,"computed":true},"auth":{"type":"string","description_kind":"plain","optional":true,"computed":true},"broadcast_ssid":{"type":"string","description_kind":"plain","optional":true,"computed":true},"broadcast_suppression":{"type":"string","description_kind":"plain","optional":true,"computed":true},"captive_portal_ac_name":{"type":"string","description_kind":"plain","optional":true,"computed":true},"captive_portal_macauth_radius_secret":{"type":"string","description_kind":"plain","optional":true},"captive_portal_macauth_radius_server":{"type":"string","description_kind":"plain","optional":true,"computed":true},"captive_portal_radius_secret":{"type":"string","description_kind":"plain","optional":true},"captive_portal_radius_server":{"type":"string","description_kind":"plain","optional":true,"computed":true},"captive_portal_session_timeout_interval":{"type":"number","description_kind":"plain","optional":true,"computed":true},"dhcp_lease_time":{"type":"number","description_kind":"plain","optional":true,"computed":true},"dhcp_option82_circuit_id_insertion":{"type":"string","description_kind":"plain","optional":true,"computed":true},"dhcp_option82_insertion":{"type":"string","description_kind":"plain","optional":true,"computed":true},"dhcp_option82_remote_id_insertion":{"type":"string","description_kind":"plain","optional":true,"computed":true},"dynamic_vlan":{"type":"string","description_kind":"plain","optional":true,"computed":true},"eap_reauth":{"type":"string","description_kind":"plain","optional":true,"computed":true},"eap_reauth_intv":{"type":"number","description_kind":"plain","optional":true,"computed":true},"eapol_key_retries":{"type":"string","description_kind":"plain","optional":true,"computed":true},"encrypt":{"type":"string","description_kind":"plain","optional":true,"computed":true},"external_fast_roaming":{"type":"string","description_kind":"plain","optional":true,"computed":true},"external_logout":{"type":"string","description_kind":"plain","optional":true,"computed":true},"external_web":{"type":"string","description_kind":"plain","optional":true,"computed":true},"fast_bss_transition":{"type":"string","description_kind":"plain","optional":true,"computed":true},"fast_roaming":{"type":"string","description_kind":"plain","optional":true,"computed":true},"ft_mobility_domain":{"type":"number","description_kind":"plain","optional":true,"computed":true},"ft_over_ds":{"type":"string","description_kind":"plain","optional":true,"computed":true},"ft_r0_key_lifetime":{"type":"number","description_kind":"plain","optional":true,"computed":true},"gtk_rekey":{"type":"string","description_kind":"plain","optional":true,"computed":true},"gtk_rekey_intv":{"type":"number","description_kind":"plain","optional":true,"computed":true},"hotspot20_profile":{"type":"string","description_kind":"plain","optional":true,"computed":true},"id":{"type":"string","description_kind":"plain","optional":true,"computed":true},"intra_vap_privacy":{"type":"string","description_kind":"plain","optional":true,"computed":true},"ip":{"type":"string","description_kind":"plain","optional":true,"computed":true},"key":{"type":"string","description_kind":"plain","optional":true},"keyindex":{"type":"number","description_kind":"plain","optional":true,"computed":true},"ldpc":{"type":"string","description_kind":"plain","optional":true,"computed":true},"local_authentication":{"type":"string","description_kind":"plain","optional":true,"computed":true},"local_bridging":{"type":"string","description_kind":"plain","optional":true,"computed":true},"local_lan":{"type":"string","description_kind":"plain","optional":true,"computed":true},"local_standalone":{"type":"string","description_kind":"plain","optional":true,"computed":true},"local_standalone_nat":{"type":"string","description_kind":"plain","optional":true,"computed":true},"mac_auth_bypass":{"type":"string","description_kind":"plain","optional":true,"computed":true},"mac_filter":{"type":"string","description_kind":"plain","optional":true,"computed":true},"mac_filter_policy_other":{"type":"string","description_kind":"plain","optional":true,"computed":true},"max_clients":{"type":"number","description_kind":"plain","optional":true,"computed":true},"max_clients_ap":{"type":"number","description_kind":"plain","optional":true,"computed":true},"me_disable_thresh":{"type":"number","description_kind":"plain","optional":true,"computed":true},"mesh_backhaul":{"type":"string","description_kind":"plain","optional":true,"computed":true},"mpsk":{"type":"string","description_kind":"plain","optional":true,"computed":true},"mpsk_concurrent_clients":{"type":"number","description_kind":"plain","optional":true,"computed":true},"multicast_enhance":{"type":"string","description_kind":"plain","optional":true,"computed":true},"multicast_rate":{"type":"string","description_kind":"plain","optional":true,"computed":true},"name":{"type":"string","description_kind":"plain","required":true},"okc":{"type":"string","description_kind":"plain","optional":true,"computed":true},"passphrase":{"type":"string","description_kind":"plain","optional":true},"pmf":{"type":"string","description_kind":"plain","optional":true,"computed":true},"pmf_assoc_comeback_timeout":{"type":"number","description_kind":"plain","optional":true,"computed":true},"pmf_sa_query_retry_timeout":{"type":"number","description_kind":"plain","optional":true,"computed":true},"portal_message_override_group":{"type":"string","description_kind":"plain","optional":true,"computed":true},"portal_type":{"type":"string","description_kind":"plain","optional":true,"computed":true},"probe_resp_suppression":{"type":"string","description_kind":"plain","optional":true,"computed":true},"probe_resp_threshold":{"type":"string","description_kind":"plain","optional":true,"computed":true},"ptk_rekey":{"type":"string","description_kind":"plain","optional":true,"computed":true},"ptk_rekey_intv":{"type":"number","description_kind":"plain","optional":true,"computed":true},"qos_profile":{"type":"string","description_kind":"plain","optional":true,"computed":true},"quarantine":{"type":"string","description_kind":"plain","optional":true,"computed":true},"radio_2g_threshold":{"type":"string","description_kind":"plain","optional":true,"computed":true},"radio_5g_threshold":{"type":"string","description_kind":"plain","optional":true,"computed":true},"radio_sensitivity":{"type":"string","description_kind":"plain","optional":true,"computed":true},"radius_mac_auth":{"type":"string","description_kind":"plain","optional":true,"computed":true},"radius_mac_auth_server":{"type":"string","description_kind":"plain","optional":true,"computed":true},"radius_server":{"type":"string","description_kind":"plain","optional":true,"computed":true},"rates_11a":{"type":"string","description_kind":"plain","optional":true,"computed":true},"rates_11ac_ss12":{"type":"string","description_kind":"plain","optional":true,"computed":true},"rates_11ac_ss34":{"type":"string","description_kind":"plain","optional":true,"computed":true},"rates_11bg":{"type":"string","description_kind":"plain","optional":true,"computed":true},"rates_11n_ss12":{"type":"string","description_kind":"plain","optional":true,"computed":true},"rates_11n_ss34":{"type":"string","description_kind":"plain","optional":true,"computed":true},"schedule":{"type":"string","description_kind":"plain","optional":true,"computed":true},"security":{"type":"string","description_kind":"plain","optional":true,"computed":true},"security_exempt_list":{"type":"string","description_kind":"plain","optional":true,"computed":true},"security_obsolete_option":{"type":"string","description_kind":"plain","optional":true,"computed":true},"security_redirect_url":{"type":"string","description_kind":"plain","optional":true,"computed":true},"split_tunneling":{"type":"string","description_kind":"plain","optional":true,"computed":true},"ssid":{"type":"string","description_kind":"plain","optional":true,"computed":true},"tkip_counter_measure":{"type":"string","description_kind":"plain","optional":true,"computed":true},"utm_profile":{"type":"string","description_kind":"plain","optional":true,"computed":true},"vlan_auto":{"type":"string","description_kind":"plain","optional":true,"computed":true},"vlan_pooling":{"type":"string","description_kind":"plain","optional":true,"computed":true},"vlanid":{"type":"number","description_kind":"plain","optional":true,"computed":true},"voice_enterprise":{"type":"string","description_kind":"plain","optional":true,"computed":true}},"block_types":{"mac_filter_list":{"nesting_mode":"list","block":{"attributes":{"id":{"type":"number","description_kind":"plain","optional":true,"computed":true},"mac":{"type":"string","description_kind":"plain","optional":true,"computed":true},"mac_filter_policy":{"type":"string","description_kind":"plain","optional":true,"computed":true}},"description_kind":"plain"}},"mpsk_key":{"nesting_mode":"list","block":{"attributes":{"comment":{"type":"string","description_kind":"plain","optional":true},"concurrent_clients":{"type":"string","description_kind":"plain","optional":true,"computed":true},"key_name":{"type":"string","description_kind":"plain","optional":true,"computed":true},"passphrase":{"type":"string","description_kind":"plain","optional":true}},"description_kind":"plain"}},"portal_message_overrides":{"nesting_mode":"list","block":{"attributes":{"auth_disclaimer_page":{"type":"string","description_kind":"plain","optional":true,"computed":true},"auth_login_failed_page":{"type":"string","description_kind":"plain","optional":true,"computed":true},"auth_login_page":{"type":"string","description_kind":"plain","optional":true,"computed":true},"auth_reject_page":{"type":"string","description_kind":"plain","optional":true,"computed":true}},"description_kind":"plain"},"max_items":1},"radius_mac_auth_usergroups":{"nesting_mode":"list","block":{"attributes":{"name":{"type":"string","description_kind":"plain","optional":true,"computed":true}},"description_kind":"plain"}},"selected_usergroups":{"nesting_mode":"list","block":{"attributes":{"name":{"type":"string","description_kind":"plain","optional":true,"computed":true}},"description_kind":"plain"}},"usergroup":{"nesting_mode":"list","block":{"attributes":{"name":{"type":"string","description_kind":"plain","optional":true,"computed":true}},"description_kind":"plain"}},"vlan_pool":{"nesting_mode":"list","block":{"attributes":{"id":{"type":"number","description_kind":"plain","optional":true,"computed":true},"wtp_group":{"type":"string","description_kind":"plain","optional":true,"computed":true}},"description_kind":"plain"}}},"description_kind":"plain"}},"fortios_wirelesscontroller_vapgroup":{"version":0,"block":{"attributes":{"comment":{"type":"string","description_kind":"plain","optional":true},"id":{"type":"string","description_kind":"plain","optional":true,"computed":true},"name":{"type":"string","description_kind":"plain","required":true}},"block_types":{"vaps":{"nesting_mode":"list","block":{"attributes":{"name":{"type":"string","description_kind":"plain","optional":true,"computed":true}},"description_kind":"plain"}}},"description_kind":"plain"}},"fortios_wirelesscontroller_widsprofile":{"version":0,"block":{"attributes":{"ap_auto_suppress":{"type":"string","description_kind":"plain","optional":true,"computed":true},"ap_bgscan_disable_day":{"type":"string","description_kind":"plain","optional":true,"computed":true},"ap_bgscan_disable_end":{"type":"string","description_kind":"plain","optional":true,"computed":true},"ap_bgscan_disable_start":{"type":"string","description_kind":"plain","optional":true,"computed":true},"ap_bgscan_duration":{"type":"number","description_kind":"plain","optional":true,"computed":true},"ap_bgscan_idle":{"type":"number","description_kind":"plain","optional":true,"computed":true},"ap_bgscan_intv":{"type":"number","description_kind":"plain","optional":true,"computed":true},"ap_bgscan_period":{"type":"number","description_kind":"plain","optional":true,"computed":true},"ap_bgscan_report_intv":{"type":"number","description_kind":"plain","optional":true,"computed":true},"ap_fgscan_report_intv":{"type":"number","description_kind":"plain","optional":true,"computed":true},"ap_scan":{"type":"string","description_kind":"plain","optional":true,"computed":true},"ap_scan_passive":{"type":"string","description_kind":"plain","optional":true,"computed":true},"asleap_attack":{"type":"string","description_kind":"plain","optional":true,"computed":true},"assoc_flood_thresh":{"type":"number","description_kind":"plain","optional":true,"computed":true},"assoc_flood_time":{"type":"number","description_kind":"plain","optional":true,"computed":true},"assoc_frame_flood":{"type":"string","description_kind":"plain","optional":true,"computed":true},"auth_flood_thresh":{"type":"number","description_kind":"plain","optional":true,"computed":true},"auth_flood_time":{"type":"number","description_kind":"plain","optional":true,"computed":true},"auth_frame_flood":{"type":"string","description_kind":"plain","optional":true,"computed":true},"comment":{"type":"string","description_kind":"plain","optional":true,"computed":true},"deauth_broadcast":{"type":"string","description_kind":"plain","optional":true,"computed":true},"deauth_unknown_src_thresh":{"type":"number","description_kind":"plain","optional":true,"computed":true},"eapol_fail_flood":{"type":"string","description_kind":"plain","optional":true,"computed":true},"eapol_fail_intv":{"type":"number","description_kind":"plain","optional":true,"computed":true},"eapol_fail_thresh":{"type":"number","description_kind":"plain","optional":true,"computed":true},"eapol_logoff_flood":{"type":"string","description_kind":"plain","optional":true,"computed":true},"eapol_logoff_intv":{"type":"number","description_kind":"plain","optional":true,"computed":true},"eapol_logoff_thresh":{"type":"number","description_kind":"plain","optional":true,"computed":true},"eapol_pre_fail_flood":{"type":"string","description_kind":"plain","optional":true,"computed":true},"eapol_pre_fail_intv":{"type":"number","description_kind":"plain","optional":true,"computed":true},"eapol_pre_fail_thresh":{"type":"number","description_kind":"plain","optional":true,"computed":true},"eapol_pre_succ_flood":{"type":"string","description_kind":"plain","optional":true,"computed":true},"eapol_pre_succ_intv":{"type":"number","description_kind":"plain","optional":true,"computed":true},"eapol_pre_succ_thresh":{"type":"number","description_kind":"plain","optional":true,"computed":true},"eapol_start_flood":{"type":"string","description_kind":"plain","optional":true,"computed":true},"eapol_start_intv":{"type":"number","description_kind":"plain","optional":true,"computed":true},"eapol_start_thresh":{"type":"number","description_kind":"plain","optional":true,"computed":true},"eapol_succ_flood":{"type":"string","description_kind":"plain","optional":true,"computed":true},"eapol_succ_intv":{"type":"number","description_kind":"plain","optional":true,"computed":true},"eapol_succ_thresh":{"type":"number","description_kind":"plain","optional":true,"computed":true},"id":{"type":"string","description_kind":"plain","optional":true,"computed":true},"invalid_mac_oui":{"type":"string","description_kind":"plain","optional":true,"computed":true},"long_duration_attack":{"type":"string","description_kind":"plain","optional":true,"computed":true},"long_duration_thresh":{"type":"number","description_kind":"plain","optional":true,"computed":true},"name":{"type":"string","description_kind":"plain","optional":true,"computed":true},"null_ssid_probe_resp":{"type":"string","description_kind":"plain","optional":true,"computed":true},"sensor_mode":{"type":"string","description_kind":"plain","optional":true,"computed":true},"spoofed_deauth":{"type":"string","description_kind":"plain","optional":true,"computed":true},"weak_wep_iv":{"type":"string","description_kind":"plain","optional":true,"computed":true},"wireless_bridge":{"type":"string","description_kind":"plain","optional":true,"computed":true}},"description_kind":"plain"}},"fortios_wirelesscontroller_wtp":{"version":0,"block":{"attributes":{"admin":{"type":"string","description_kind":"plain","optional":true,"computed":true},"allowaccess":{"type":"string","description_kind":"plain","optional":true,"computed":true},"bonjour_profile":{"type":"string","description_kind":"plain","optional":true,"computed":true},"coordinate_latitude":{"type":"string","description_kind":"plain","optional":true,"computed":true},"coordinate_longitude":{"type":"string","description_kind":"plain","optional":true,"computed":true},"id":{"type":"string","description_kind":"plain","optional":true,"computed":true},"image_download":{"type":"string","description_kind":"plain","optional":true,"computed":true},"index":{"type":"number","description_kind":"plain","optional":true,"computed":true},"ip_fragment_preventing":{"type":"string","description_kind":"plain","optional":true,"computed":true},"led_state":{"type":"string","description_kind":"plain","optional":true,"computed":true},"location":{"type":"string","description_kind":"plain","optional":true,"computed":true},"login_passwd":{"type":"string","description_kind":"plain","optional":true},"login_passwd_change":{"type":"string","description_kind":"plain","optional":true,"computed":true},"mesh_bridge_enable":{"type":"string","description_kind":"plain","optional":true,"computed":true},"name":{"type":"string","description_kind":"plain","optional":true,"computed":true},"override_allowaccess":{"type":"string","description_kind":"plain","optional":true,"computed":true},"override_ip_fragment":{"type":"string","description_kind":"plain","optional":true,"computed":true},"override_lan":{"type":"string","description_kind":"plain","optional":true,"computed":true},"override_led_state":{"type":"string","description_kind":"plain","optional":true,"computed":true},"override_login_passwd_change":{"type":"string","description_kind":"plain","optional":true,"computed":true},"override_split_tunnel":{"type":"string","description_kind":"plain","optional":true,"computed":true},"override_wan_port_mode":{"type":"string","description_kind":"plain","optional":true,"computed":true},"region":{"type":"string","description_kind":"plain","optional":true,"computed":true},"region_x":{"type":"string","description_kind":"plain","optional":true,"computed":true},"region_y":{"type":"string","description_kind":"plain","optional":true,"computed":true},"split_tunneling_acl_local_ap_subnet":{"type":"string","description_kind":"plain","optional":true,"computed":true},"split_tunneling_acl_path":{"type":"string","description_kind":"plain","optional":true,"computed":true},"tun_mtu_downlink":{"type":"number","description_kind":"plain","optional":true,"computed":true},"tun_mtu_uplink":{"type":"number","description_kind":"plain","optional":true,"computed":true},"wan_port_mode":{"type":"string","description_kind":"plain","optional":true,"computed":true},"wtp_id":{"type":"string","description_kind":"plain","optional":true,"computed":true},"wtp_mode":{"type":"string","description_kind":"plain","optional":true,"computed":true},"wtp_profile":{"type":"string","description_kind":"plain","required":true}},"block_types":{"lan":{"nesting_mode":"list","block":{"attributes":{"port1_mode":{"type":"string","description_kind":"plain","optional":true,"computed":true},"port1_ssid":{"type":"string","description_kind":"plain","optional":true,"computed":true},"port2_mode":{"type":"string","description_kind":"plain","optional":true,"computed":true},"port2_ssid":{"type":"string","description_kind":"plain","optional":true,"computed":true},"port3_mode":{"type":"string","description_kind":"plain","optional":true,"computed":true},"port3_ssid":{"type":"string","description_kind":"plain","optional":true,"computed":true},"port4_mode":{"type":"string","description_kind":"plain","optional":true,"computed":true},"port4_ssid":{"type":"string","description_kind":"plain","optional":true,"computed":true},"port5_mode":{"type":"string","description_kind":"plain","optional":true,"computed":true},"port5_ssid":{"type":"string","description_kind":"plain","optional":true,"computed":true},"port6_mode":{"type":"string","description_kind":"plain","optional":true,"computed":true},"port6_ssid":{"type":"string","description_kind":"plain","optional":true,"computed":true},"port7_mode":{"type":"string","description_kind":"plain","optional":true,"computed":true},"port7_ssid":{"type":"string","description_kind":"plain","optional":true,"computed":true},"port8_mode":{"type":"string","description_kind":"plain","optional":true,"computed":true},"port8_ssid":{"type":"string","description_kind":"plain","optional":true,"computed":true},"port_mode":{"type":"string","description_kind":"plain","optional":true,"computed":true},"port_ssid":{"type":"string","description_kind":"plain","optional":true,"computed":true}},"description_kind":"plain"},"max_items":1},"radio_1":{"nesting_mode":"list","block":{"attributes":{"auto_power_high":{"type":"number","description_kind":"plain","optional":true,"computed":true},"auto_power_level":{"type":"string","description_kind":"plain","optional":true,"computed":true},"auto_power_low":{"type":"number","description_kind":"plain","optional":true,"computed":true},"band":{"type":"string","description_kind":"plain","optional":true,"computed":true},"override_analysis":{"type":"string","description_kind":"plain","optional":true,"computed":true},"override_band":{"type":"string","description_kind":"plain","optional":true,"computed":true},"override_channel":{"type":"string","description_kind":"plain","optional":true,"computed":true},"override_txpower":{"type":"string","description_kind":"plain","optional":true,"computed":true},"override_vaps":{"type":"string","description_kind":"plain","optional":true,"computed":true},"power_level":{"type":"number","description_kind":"plain","optional":true,"computed":true},"radio_id":{"type":"number","description_kind":"plain","optional":true,"computed":true},"spectrum_analysis":{"type":"string","description_kind":"plain","optional":true,"computed":true},"vap_all":{"type":"string","description_kind":"plain","optional":true,"computed":true}},"block_types":{"channel":{"nesting_mode":"list","block":{"attributes":{"chan":{"type":"string","description_kind":"plain","optional":true,"computed":true}},"description_kind":"plain"}},"vaps":{"nesting_mode":"list","block":{"attributes":{"name":{"type":"string","description_kind":"plain","optional":true,"computed":true}},"description_kind":"plain"}}},"description_kind":"plain"},"max_items":1},"radio_2":{"nesting_mode":"list","block":{"attributes":{"auto_power_high":{"type":"number","description_kind":"plain","optional":true,"computed":true},"auto_power_level":{"type":"string","description_kind":"plain","optional":true,"computed":true},"auto_power_low":{"type":"number","description_kind":"plain","optional":true,"computed":true},"band":{"type":"string","description_kind":"plain","optional":true,"computed":true},"override_analysis":{"type":"string","description_kind":"plain","optional":true,"computed":true},"override_band":{"type":"string","description_kind":"plain","optional":true,"computed":true},"override_channel":{"type":"string","description_kind":"plain","optional":true,"computed":true},"override_txpower":{"type":"string","description_kind":"plain","optional":true,"computed":true},"override_vaps":{"type":"string","description_kind":"plain","optional":true,"computed":true},"power_level":{"type":"number","description_kind":"plain","optional":true,"computed":true},"radio_id":{"type":"number","description_kind":"plain","optional":true,"computed":true},"spectrum_analysis":{"type":"string","description_kind":"plain","optional":true,"computed":true},"vap_all":{"type":"string","description_kind":"plain","optional":true,"computed":true}},"block_types":{"channel":{"nesting_mode":"list","block":{"attributes":{"chan":{"type":"string","description_kind":"plain","optional":true,"computed":true}},"description_kind":"plain"}},"vaps":{"nesting_mode":"list","block":{"attributes":{"name":{"type":"string","description_kind":"plain","optional":true,"computed":true}},"description_kind":"plain"}}},"description_kind":"plain"},"max_items":1},"split_tunneling_acl":{"nesting_mode":"list","block":{"attributes":{"dest_ip":{"type":"string","description_kind":"plain","optional":true,"computed":true},"id":{"type":"number","description_kind":"plain","optional":true,"computed":true}},"description_kind":"plain"}}},"description_kind":"plain"}},"fortios_wirelesscontroller_wtpgroup":{"version":0,"block":{"attributes":{"id":{"type":"string","description_kind":"plain","optional":true,"computed":true},"name":{"type":"string","description_kind":"plain","optional":true,"computed":true},"platform_type":{"type":"string","description_kind":"plain","optional":true,"computed":true}},"block_types":{"wtps":{"nesting_mode":"list","block":{"attributes":{"wtp_id":{"type":"string","description_kind":"plain","optional":true,"computed":true}},"description_kind":"plain"}}},"description_kind":"plain"}},"fortios_wirelesscontroller_wtpprofile":{"version":0,"block":{"attributes":{"allowaccess":{"type":"string","description_kind":"plain","optional":true,"computed":true},"ap_country":{"type":"string","description_kind":"plain","optional":true,"computed":true},"ble_profile":{"type":"string","description_kind":"plain","optional":true,"computed":true},"comment":{"type":"string","description_kind":"plain","optional":true},"control_message_offload":{"type":"string","description_kind":"plain","optional":true,"computed":true},"dtls_in_kernel":{"type":"string","description_kind":"plain","optional":true,"computed":true},"dtls_policy":{"type":"string","description_kind":"plain","optional":true,"computed":true},"energy_efficient_ethernet":{"type":"string","description_kind":"plain","optional":true,"computed":true},"ext_info_enable":{"type":"string","description_kind":"plain","optional":true,"computed":true},"handoff_roaming":{"type":"string","description_kind":"plain","optional":true,"computed":true},"handoff_rssi":{"type":"number","description_kind":"plain","optional":true,"computed":true},"handoff_sta_thresh":{"type":"number","description_kind":"plain","optional":true,"computed":true},"id":{"type":"string","description_kind":"plain","optional":true,"computed":true},"ip_fragment_preventing":{"type":"string","description_kind":"plain","optional":true,"computed":true},"led_state":{"type":"string","description_kind":"plain","optional":true,"computed":true},"lldp":{"type":"string","description_kind":"plain","optional":true,"computed":true},"login_passwd":{"type":"string","description_kind":"plain","optional":true},"login_passwd_change":{"type":"string","description_kind":"plain","optional":true,"computed":true},"max_clients":{"type":"number","description_kind":"plain","optional":true,"computed":true},"name":{"type":"string","description_kind":"plain","optional":true,"computed":true},"poe_mode":{"type":"string","description_kind":"plain","optional":true,"computed":true},"split_tunneling_acl_local_ap_subnet":{"type":"string","description_kind":"plain","optional":true,"computed":true},"split_tunneling_acl_path":{"type":"string","description_kind":"plain","optional":true,"computed":true},"tun_mtu_downlink":{"type":"number","description_kind":"plain","optional":true,"computed":true},"tun_mtu_uplink":{"type":"number","description_kind":"plain","optional":true,"computed":true},"wan_port_mode":{"type":"string","description_kind":"plain","optional":true,"computed":true}},"block_types":{"deny_mac_list":{"nesting_mode":"list","block":{"attributes":{"id":{"type":"number","description_kind":"plain","optional":true,"computed":true},"mac":{"type":"string","description_kind":"plain","optional":true,"computed":true}},"description_kind":"plain"}},"lan":{"nesting_mode":"list","block":{"attributes":{"port1_mode":{"type":"string","description_kind":"plain","optional":true,"computed":true},"port1_ssid":{"type":"string","description_kind":"plain","optional":true,"computed":true},"port2_mode":{"type":"string","description_kind":"plain","optional":true,"computed":true},"port2_ssid":{"type":"string","description_kind":"plain","optional":true,"computed":true},"port3_mode":{"type":"string","description_kind":"plain","optional":true,"computed":true},"port3_ssid":{"type":"string","description_kind":"plain","optional":true,"computed":true},"port4_mode":{"type":"string","description_kind":"plain","optional":true,"computed":true},"port4_ssid":{"type":"string","description_kind":"plain","optional":true,"computed":true},"port5_mode":{"type":"string","description_kind":"plain","optional":true,"computed":true},"port5_ssid":{"type":"string","description_kind":"plain","optional":true,"computed":true},"port6_mode":{"type":"string","description_kind":"plain","optional":true,"computed":true},"port6_ssid":{"type":"string","description_kind":"plain","optional":true,"computed":true},"port7_mode":{"type":"string","description_kind":"plain","optional":true,"computed":true},"port7_ssid":{"type":"string","description_kind":"plain","optional":true,"computed":true},"port8_mode":{"type":"string","description_kind":"plain","optional":true,"computed":true},"port8_ssid":{"type":"string","description_kind":"plain","optional":true,"computed":true},"port_mode":{"type":"string","description_kind":"plain","optional":true,"computed":true},"port_ssid":{"type":"string","description_kind":"plain","optional":true,"computed":true}},"description_kind":"plain"},"max_items":1},"lbs":{"nesting_mode":"list","block":{"attributes":{"aeroscout":{"type":"string","description_kind":"plain","optional":true,"computed":true},"aeroscout_ap_mac":{"type":"string","description_kind":"plain","optional":true,"computed":true},"aeroscout_mmu_report":{"type":"string","description_kind":"plain","optional":true,"computed":true},"aeroscout_mu":{"type":"string","description_kind":"plain","optional":true,"computed":true},"aeroscout_mu_factor":{"type":"number","description_kind":"plain","optional":true,"computed":true},"aeroscout_mu_timeout":{"type":"number","description_kind":"plain","optional":true,"computed":true},"aeroscout_server_ip":{"type":"string","description_kind":"plain","optional":true,"computed":true},"aeroscout_server_port":{"type":"number","description_kind":"plain","optional":true,"computed":true},"ekahau_blink_mode":{"type":"string","description_kind":"plain","optional":true,"computed":true},"ekahau_tag":{"type":"string","description_kind":"plain","optional":true,"computed":true},"erc_server_ip":{"type":"string","description_kind":"plain","optional":true,"computed":true},"erc_server_port":{"type":"number","description_kind":"plain","optional":true,"computed":true},"fortipresence":{"type":"string","description_kind":"plain","optional":true,"computed":true},"fortipresence_frequency":{"type":"number","description_kind":"plain","optional":true,"computed":true},"fortipresence_port":{"type":"number","description_kind":"plain","optional":true,"computed":true},"fortipresence_project":{"type":"string","description_kind":"plain","optional":true,"computed":true},"fortipresence_rogue":{"type":"string","description_kind":"plain","optional":true,"computed":true},"fortipresence_secret":{"type":"string","description_kind":"plain","optional":true},"fortipresence_server":{"type":"string","description_kind":"plain","optional":true,"computed":true},"fortipresence_unassoc":{"type":"string","description_kind":"plain","optional":true,"computed":true},"station_locate":{"type":"string","description_kind":"plain","optional":true,"computed":true}},"description_kind":"plain"},"max_items":1},"led_schedules":{"nesting_mode":"list","block":{"attributes":{"name":{"type":"string","description_kind":"plain","optional":true,"computed":true}},"description_kind":"plain"}},"platform":{"nesting_mode":"list","block":{"attributes":{"type":{"type":"string","description_kind":"plain","optional":true,"computed":true}},"description_kind":"plain"},"max_items":1},"radio_1":{"nesting_mode":"list","block":{"attributes":{"airtime_fairness":{"type":"string","description_kind":"plain","optional":true,"computed":true},"amsdu":{"type":"string","description_kind":"plain","optional":true,"computed":true},"ap_handoff":{"type":"string","description_kind":"plain","optional":true,"computed":true},"ap_sniffer_addr":{"type":"string","description_kind":"plain","optional":true,"computed":true},"ap_sniffer_bufsize":{"type":"number","description_kind":"plain","optional":true,"computed":true},"ap_sniffer_chan":{"type":"number","description_kind":"plain","optional":true,"computed":true},"ap_sniffer_ctl":{"type":"string","description_kind":"plain","optional":true,"computed":true},"ap_sniffer_data":{"type":"string","description_kind":"plain","optional":true,"computed":true},"ap_sniffer_mgmt_beacon":{"type":"string","description_kind":"plain","optional":true,"computed":true},"ap_sniffer_mgmt_other":{"type":"string","description_kind":"plain","optional":true,"computed":true},"ap_sniffer_mgmt_probe":{"type":"string","description_kind":"plain","optional":true,"computed":true},"auto_power_high":{"type":"number","description_kind":"plain","optional":true,"computed":true},"auto_power_level":{"type":"string","description_kind":"plain","optional":true,"computed":true},"auto_power_low":{"type":"number","description_kind":"plain","optional":true,"computed":true},"band":{"type":"string","description_kind":"plain","optional":true,"computed":true},"bandwidth_admission_control":{"type":"string","description_kind":"plain","optional":true,"computed":true},"bandwidth_capacity":{"type":"number","description_kind":"plain","optional":true,"computed":true},"beacon_interval":{"type":"number","description_kind":"plain","optional":true,"computed":true},"call_admission_control":{"type":"string","description_kind":"plain","optional":true,"computed":true},"call_capacity":{"type":"number","description_kind":"plain","optional":true,"computed":true},"channel_bonding":{"type":"string","description_kind":"plain","optional":true,"computed":true},"channel_utilization":{"type":"string","description_kind":"plain","optional":true,"computed":true},"coexistence":{"type":"string","description_kind":"plain","optional":true,"computed":true},"darrp":{"type":"string","description_kind":"plain","optional":true,"computed":true},"dtim":{"type":"number","description_kind":"plain","optional":true,"computed":true},"frag_threshold":{"type":"number","description_kind":"plain","optional":true,"computed":true},"frequency_handoff":{"type":"string","description_kind":"plain","optional":true,"computed":true},"max_clients":{"type":"number","description_kind":"plain","optional":true,"computed":true},"max_distance":{"type":"number","description_kind":"plain","optional":true,"computed":true},"mode":{"type":"string","description_kind":"plain","optional":true,"computed":true},"power_level":{"type":"number","description_kind":"plain","optional":true,"computed":true},"powersave_optimize":{"type":"string","description_kind":"plain","optional":true,"computed":true},"protection_mode":{"type":"string","description_kind":"plain","optional":true,"computed":true},"radio_id":{"type":"number","description_kind":"plain","optional":true,"computed":true},"rts_threshold":{"type":"number","description_kind":"plain","optional":true,"computed":true},"short_guard_interval":{"type":"string","description_kind":"plain","optional":true,"computed":true},"spectrum_analysis":{"type":"string","description_kind":"plain","optional":true,"computed":true},"transmit_optimize":{"type":"string","description_kind":"plain","optional":true,"computed":true},"vap_all":{"type":"string","description_kind":"plain","optional":true,"computed":true},"wids_profile":{"type":"string","description_kind":"plain","optional":true,"computed":true}},"block_types":{"channel":{"nesting_mode":"list","block":{"attributes":{"chan":{"type":"string","description_kind":"plain","optional":true,"computed":true}},"description_kind":"plain"}},"vaps":{"nesting_mode":"list","block":{"attributes":{"name":{"type":"string","description_kind":"plain","optional":true,"computed":true}},"description_kind":"plain"}}},"description_kind":"plain"},"max_items":1},"radio_2":{"nesting_mode":"list","block":{"attributes":{"airtime_fairness":{"type":"string","description_kind":"plain","optional":true,"computed":true},"amsdu":{"type":"string","description_kind":"plain","optional":true,"computed":true},"ap_handoff":{"type":"string","description_kind":"plain","optional":true,"computed":true},"ap_sniffer_addr":{"type":"string","description_kind":"plain","optional":true,"computed":true},"ap_sniffer_bufsize":{"type":"number","description_kind":"plain","optional":true,"computed":true},"ap_sniffer_chan":{"type":"number","description_kind":"plain","optional":true,"computed":true},"ap_sniffer_ctl":{"type":"string","description_kind":"plain","optional":true,"computed":true},"ap_sniffer_data":{"type":"string","description_kind":"plain","optional":true,"computed":true},"ap_sniffer_mgmt_beacon":{"type":"string","description_kind":"plain","optional":true,"computed":true},"ap_sniffer_mgmt_other":{"type":"string","description_kind":"plain","optional":true,"computed":true},"ap_sniffer_mgmt_probe":{"type":"string","description_kind":"plain","optional":true,"computed":true},"auto_power_high":{"type":"number","description_kind":"plain","optional":true,"computed":true},"auto_power_level":{"type":"string","description_kind":"plain","optional":true,"computed":true},"auto_power_low":{"type":"number","description_kind":"plain","optional":true,"computed":true},"band":{"type":"string","description_kind":"plain","optional":true,"computed":true},"bandwidth_admission_control":{"type":"string","description_kind":"plain","optional":true,"computed":true},"bandwidth_capacity":{"type":"number","description_kind":"plain","optional":true,"computed":true},"beacon_interval":{"type":"number","description_kind":"plain","optional":true,"computed":true},"call_admission_control":{"type":"string","description_kind":"plain","optional":true,"computed":true},"call_capacity":{"type":"number","description_kind":"plain","optional":true,"computed":true},"channel_bonding":{"type":"string","description_kind":"plain","optional":true,"computed":true},"channel_utilization":{"type":"string","description_kind":"plain","optional":true,"computed":true},"coexistence":{"type":"string","description_kind":"plain","optional":true,"computed":true},"darrp":{"type":"string","description_kind":"plain","optional":true,"computed":true},"dtim":{"type":"number","description_kind":"plain","optional":true,"computed":true},"frag_threshold":{"type":"number","description_kind":"plain","optional":true,"computed":true},"frequency_handoff":{"type":"string","description_kind":"plain","optional":true,"computed":true},"max_clients":{"type":"number","description_kind":"plain","optional":true,"computed":true},"max_distance":{"type":"number","description_kind":"plain","optional":true,"computed":true},"mode":{"type":"string","description_kind":"plain","optional":true,"computed":true},"power_level":{"type":"number","description_kind":"plain","optional":true,"computed":true},"powersave_optimize":{"type":"string","description_kind":"plain","optional":true,"computed":true},"protection_mode":{"type":"string","description_kind":"plain","optional":true,"computed":true},"radio_id":{"type":"number","description_kind":"plain","optional":true,"computed":true},"rts_threshold":{"type":"number","description_kind":"plain","optional":true,"computed":true},"short_guard_interval":{"type":"string","description_kind":"plain","optional":true,"computed":true},"spectrum_analysis":{"type":"string","description_kind":"plain","optional":true,"computed":true},"transmit_optimize":{"type":"string","description_kind":"plain","optional":true,"computed":true},"vap_all":{"type":"string","description_kind":"plain","optional":true,"computed":true},"wids_profile":{"type":"string","description_kind":"plain","optional":true,"computed":true}},"block_types":{"channel":{"nesting_mode":"list","block":{"attributes":{"chan":{"type":"string","description_kind":"plain","optional":true,"computed":true}},"description_kind":"plain"}},"vaps":{"nesting_mode":"list","block":{"attributes":{"name":{"type":"string","description_kind":"plain","optional":true,"computed":true}},"description_kind":"plain"}}},"description_kind":"plain"},"max_items":1},"split_tunneling_acl":{"nesting_mode":"list","block":{"attributes":{"dest_ip":{"type":"string","description_kind":"plain","optional":true,"computed":true},"id":{"type":"number","description_kind":"plain","optional":true,"computed":true}},"description_kind":"plain"}}},"description_kind":"plain"}},"fortios_wirelesscontrollerhotspot20_anqp3gppcellular":{"version":0,"block":{"attributes":{"id":{"type":"string","description_kind":"plain","optional":true,"computed":true},"name":{"type":"string","description_kind":"plain","optional":true,"computed":true}},"block_types":{"mcc_mnc_list":{"nesting_mode":"list","block":{"attributes":{"id":{"type":"number","description_kind":"plain","optional":true,"computed":true},"mcc":{"type":"string","description_kind":"plain","optional":true,"computed":true},"mnc":{"type":"string","description_kind":"plain","optional":true,"computed":true}},"description_kind":"plain"}}},"description_kind":"plain"}},"fortios_wirelesscontrollerhotspot20_anqpipaddresstype":{"version":0,"block":{"attributes":{"id":{"type":"string","description_kind":"plain","optional":true,"computed":true},"ipv4_address_type":{"type":"string","description_kind":"plain","optional":true,"computed":true},"ipv6_address_type":{"type":"string","description_kind":"plain","optional":true,"computed":true},"name":{"type":"string","description_kind":"plain","optional":true,"computed":true}},"description_kind":"plain"}},"fortios_wirelesscontrollerhotspot20_anqpnairealm":{"version":0,"block":{"attributes":{"id":{"type":"string","description_kind":"plain","optional":true,"computed":true},"name":{"type":"string","description_kind":"plain","optional":true,"computed":true}},"block_types":{"nai_list":{"nesting_mode":"list","block":{"attributes":{"encoding":{"type":"string","description_kind":"plain","optional":true,"computed":true},"nai_realm":{"type":"string","description_kind":"plain","optional":true,"computed":true},"name":{"type":"string","description_kind":"plain","optional":true,"computed":true}},"block_types":{"eap_method":{"nesting_mode":"list","block":{"attributes":{"index":{"type":"number","description_kind":"plain","optional":true,"computed":true},"method":{"type":"string","description_kind":"plain","optional":true,"computed":true}},"block_types":{"auth_param":{"nesting_mode":"list","block":{"attributes":{"id":{"type":"string","description_kind":"plain","optional":true,"computed":true},"index":{"type":"number","description_kind":"plain","optional":true,"computed":true},"val":{"type":"string","description_kind":"plain","optional":true,"computed":true}},"description_kind":"plain"}}},"description_kind":"plain"}}},"description_kind":"plain"}}},"description_kind":"plain"}},"fortios_wirelesscontrollerhotspot20_anqpnetworkauthtype":{"version":0,"block":{"attributes":{"auth_type":{"type":"string","description_kind":"plain","optional":true,"computed":true},"id":{"type":"string","description_kind":"plain","optional":true,"computed":true},"name":{"type":"string","description_kind":"plain","optional":true,"computed":true},"url":{"type":"string","description_kind":"plain","optional":true,"computed":true}},"description_kind":"plain"}},"fortios_wirelesscontrollerhotspot20_anqproamingconsortium":{"version":0,"block":{"attributes":{"id":{"type":"string","description_kind":"plain","optional":true,"computed":true},"name":{"type":"string","description_kind":"plain","optional":true,"computed":true}},"block_types":{"oi_list":{"nesting_mode":"list","block":{"attributes":{"comment":{"type":"string","description_kind":"plain","optional":true,"computed":true},"index":{"type":"number","description_kind":"plain","optional":true,"computed":true},"oi":{"type":"string","description_kind":"plain","optional":true,"computed":true}},"description_kind":"plain"}}},"description_kind":"plain"}},"fortios_wirelesscontrollerhotspot20_anqpvenuename":{"version":0,"block":{"attributes":{"id":{"type":"string","description_kind":"plain","optional":true,"computed":true},"name":{"type":"string","description_kind":"plain","optional":true,"computed":true}},"block_types":{"value_list":{"nesting_mode":"list","block":{"attributes":{"index":{"type":"number","description_kind":"plain","optional":true,"computed":true},"lang":{"type":"string","description_kind":"plain","optional":true,"computed":true},"value":{"type":"string","description_kind":"plain","optional":true,"computed":true}},"description_kind":"plain"}}},"description_kind":"plain"}},"fortios_wirelesscontrollerhotspot20_h2qpconncapability":{"version":0,"block":{"attributes":{"esp_port":{"type":"string","description_kind":"plain","optional":true,"computed":true},"ftp_port":{"type":"string","description_kind":"plain","optional":true,"computed":true},"http_port":{"type":"string","description_kind":"plain","optional":true,"computed":true},"icmp_port":{"type":"string","description_kind":"plain","optional":true,"computed":true},"id":{"type":"string","description_kind":"plain","optional":true,"computed":true},"ikev2_port":{"type":"string","description_kind":"plain","optional":true,"computed":true},"ikev2_xx_port":{"type":"string","description_kind":"plain","optional":true,"computed":true},"name":{"type":"string","description_kind":"plain","optional":true,"computed":true},"pptp_vpn_port":{"type":"string","description_kind":"plain","optional":true,"computed":true},"ssh_port":{"type":"string","description_kind":"plain","optional":true,"computed":true},"tls_port":{"type":"string","description_kind":"plain","optional":true,"computed":true},"voip_tcp_port":{"type":"string","description_kind":"plain","optional":true,"computed":true},"voip_udp_port":{"type":"string","description_kind":"plain","optional":true,"computed":true}},"description_kind":"plain"}},"fortios_wirelesscontrollerhotspot20_h2qpoperatorname":{"version":0,"block":{"attributes":{"id":{"type":"string","description_kind":"plain","optional":true,"computed":true},"name":{"type":"string","description_kind":"plain","optional":true,"computed":true}},"block_types":{"value_list":{"nesting_mode":"list","block":{"attributes":{"index":{"type":"number","description_kind":"plain","optional":true,"computed":true},"lang":{"type":"string","description_kind":"plain","optional":true,"computed":true},"value":{"type":"string","description_kind":"plain","optional":true,"computed":true}},"description_kind":"plain"}}},"description_kind":"plain"}},"fortios_wirelesscontrollerhotspot20_h2qposuprovider":{"version":0,"block":{"attributes":{"icon":{"type":"string","description_kind":"plain","optional":true,"computed":true},"id":{"type":"string","description_kind":"plain","optional":true,"computed":true},"name":{"type":"string","description_kind":"plain","optional":true,"computed":true},"osu_method":{"type":"string","description_kind":"plain","optional":true,"computed":true},"osu_nai":{"type":"string","description_kind":"plain","optional":true,"computed":true},"server_uri":{"type":"string","description_kind":"plain","optional":true,"computed":true}},"block_types":{"friendly_name":{"nesting_mode":"list","block":{"attributes":{"friendly_name":{"type":"string","description_kind":"plain","optional":true,"computed":true},"index":{"type":"number","description_kind":"plain","optional":true,"computed":true},"lang":{"type":"string","description_kind":"plain","optional":true,"computed":true}},"description_kind":"plain"}},"service_description":{"nesting_mode":"list","block":{"attributes":{"lang":{"type":"string","description_kind":"plain","optional":true,"computed":true},"service_description":{"type":"string","description_kind":"plain","optional":true,"computed":true},"service_id":{"type":"number","description_kind":"plain","optional":true,"computed":true}},"description_kind":"plain"}}},"description_kind":"plain"}},"fortios_wirelesscontrollerhotspot20_h2qpwanmetric":{"version":0,"block":{"attributes":{"downlink_load":{"type":"number","description_kind":"plain","optional":true,"computed":true},"downlink_speed":{"type":"number","description_kind":"plain","optional":true,"computed":true},"id":{"type":"string","description_kind":"plain","optional":true,"computed":true},"link_at_capacity":{"type":"string","description_kind":"plain","optional":true,"computed":true},"link_status":{"type":"string","description_kind":"plain","optional":true,"computed":true},"load_measurement_duration":{"type":"number","description_kind":"plain","optional":true,"computed":true},"name":{"type":"string","description_kind":"plain","optional":true,"computed":true},"symmetric_wan_link":{"type":"string","description_kind":"plain","optional":true,"computed":true},"uplink_load":{"type":"number","description_kind":"plain","optional":true,"computed":true},"uplink_speed":{"type":"number","description_kind":"plain","optional":true,"computed":true}},"description_kind":"plain"}},"fortios_wirelesscontrollerhotspot20_hsprofile":{"version":0,"block":{"attributes":{"access_network_asra":{"type":"string","description_kind":"plain","optional":true,"computed":true},"access_network_esr":{"type":"string","description_kind":"plain","optional":true,"computed":true},"access_network_internet":{"type":"string","description_kind":"plain","optional":true,"computed":true},"access_network_type":{"type":"string","description_kind":"plain","optional":true,"computed":true},"access_network_uesa":{"type":"string","description_kind":"plain","optional":true,"computed":true},"anqp_domain_id":{"type":"number","description_kind":"plain","optional":true,"computed":true},"bss_transition":{"type":"string","description_kind":"plain","optional":true,"computed":true},"conn_cap":{"type":"string","description_kind":"plain","optional":true,"computed":true},"deauth_request_timeout":{"type":"number","description_kind":"plain","optional":true,"computed":true},"dgaf":{"type":"string","description_kind":"plain","optional":true,"computed":true},"domain_name":{"type":"string","description_kind":"plain","optional":true,"computed":true},"gas_comeback_delay":{"type":"number","description_kind":"plain","optional":true,"computed":true},"gas_fragmentation_limit":{"type":"number","description_kind":"plain","optional":true,"computed":true},"hessid":{"type":"string","description_kind":"plain","optional":true,"computed":true},"id":{"type":"string","description_kind":"plain","optional":true,"computed":true},"ip_addr_type":{"type":"string","description_kind":"plain","optional":true,"computed":true},"l2tif":{"type":"string","description_kind":"plain","optional":true,"computed":true},"n3gpp_plmn":{"type":"string","description_kind":"plain","optional":true,"computed":true},"nai_realm":{"type":"string","description_kind":"plain","optional":true,"computed":true},"name":{"type":"string","description_kind":"plain","optional":true,"computed":true},"network_auth":{"type":"string","description_kind":"plain","optional":true,"computed":true},"oper_friendly_name":{"type":"string","description_kind":"plain","optional":true,"computed":true},"osu_ssid":{"type":"string","description_kind":"plain","optional":true,"computed":true},"pame_bi":{"type":"string","description_kind":"plain","optional":true,"computed":true},"proxy_arp":{"type":"string","description_kind":"plain","optional":true,"computed":true},"qos_map":{"type":"string","description_kind":"plain","optional":true,"computed":true},"roaming_consortium":{"type":"string","description_kind":"plain","optional":true,"computed":true},"venue_group":{"type":"string","description_kind":"plain","optional":true,"computed":true},"venue_name":{"type":"string","description_kind":"plain","optional":true,"computed":true},"venue_type":{"type":"string","description_kind":"plain","optional":true,"computed":true},"wan_metrics":{"type":"string","description_kind":"plain","optional":true,"computed":true},"wnm_sleep_mode":{"type":"string","description_kind":"plain","optional":true,"computed":true}},"block_types":{"osu_provider":{"nesting_mode":"list","block":{"attributes":{"name":{"type":"string","description_kind":"plain","optional":true,"computed":true}},"description_kind":"plain"}}},"description_kind":"plain"}},"fortios_wirelesscontrollerhotspot20_icon":{"version":0,"block":{"attributes":{"id":{"type":"string","description_kind":"plain","optional":true,"computed":true},"name":{"type":"string","description_kind":"plain","optional":true,"computed":true}},"block_types":{"icon_list":{"nesting_mode":"list","block":{"attributes":{"file":{"type":"string","description_kind":"plain","optional":true,"computed":true},"height":{"type":"number","description_kind":"plain","optional":true,"computed":true},"lang":{"type":"string","description_kind":"plain","optional":true,"computed":true},"name":{"type":"string","description_kind":"plain","optional":true,"computed":true},"type":{"type":"string","description_kind":"plain","optional":true,"computed":true},"width":{"type":"number","description_kind":"plain","optional":true,"computed":true}},"description_kind":"plain"}}},"description_kind":"plain"}},"fortios_wirelesscontrollerhotspot20_qosmap":{"version":0,"block":{"attributes":{"id":{"type":"string","description_kind":"plain","optional":true,"computed":true},"name":{"type":"string","description_kind":"plain","optional":true,"computed":true}},"block_types":{"dscp_except":{"nesting_mode":"list","block":{"attributes":{"dscp":{"type":"number","description_kind":"plain","optional":true,"computed":true},"index":{"type":"number","description_kind":"plain","optional":true,"computed":true},"up":{"type":"number","description_kind":"plain","optional":true,"computed":true}},"description_kind":"plain"}},"dscp_range":{"nesting_mode":"list","block":{"attributes":{"high":{"type":"number","description_kind":"plain","optional":true,"computed":true},"index":{"type":"number","description_kind":"plain","optional":true,"computed":true},"low":{"type":"number","description_kind":"plain","optional":true,"computed":true},"up":{"type":"number","description_kind":"plain","optional":true,"computed":true}},"description_kind":"plain"}}},"description_kind":"plain"}}}}}}
