{"format_version":"0.1","provider_schemas":{"registry.terraform.io/abergmeier/exasol":{"provider":{"version":0,"block":{"attributes":{"ip":{"type":"string","description_kind":"plain","required":true},"password":{"type":"string","description_kind":"plain","optional":true,"sensitive":true},"port":{"type":"number","description_kind":"plain","optional":true},"username":{"type":"string","description_kind":"plain","optional":true}},"description_kind":"plain"}},"resource_schemas":{"exasol_connection":{"version":0,"block":{"attributes":{"id":{"type":"string","description_kind":"plain","optional":true,"computed":true},"name":{"type":"string","description":"Name of connection","description_kind":"plain","required":true},"password":{"type":"string","description":"Password to use for connection","description_kind":"plain","optional":true,"sensitive":true},"to":{"type":"string","description":"Where connection points to","description_kind":"plain","required":true},"username":{"type":"string","description":"User to use for connection","description_kind":"plain","optional":true}},"description_kind":"plain"}},"exasol_physical_schema":{"version":0,"block":{"attributes":{"id":{"type":"string","description_kind":"plain","optional":true,"computed":true},"name":{"type":"string","description":"Name of Schema","description_kind":"plain","required":true}},"description_kind":"plain"}},"exasol_role":{"version":0,"block":{"attributes":{"id":{"type":"string","description_kind":"plain","optional":true,"computed":true},"name":{"type":"string","description":"Name of Role","description_kind":"plain","required":true}},"description_kind":"plain"}},"exasol_table":{"version":0,"block":{"attributes":{"column_indices":{"type":["map","number"],"description_kind":"plain","computed":true},"columns":{"type":["list",["object",{"name":"string","type":"string"}]],"description_kind":"plain","computed":true},"composite":{"type":"string","description":"Composite declarations as in CREATE TABLE FOO (\u003ccomposite\u003e)","description_kind":"plain","optional":true},"foreign_key_indices":{"type":["map","number"],"description_kind":"plain","computed":true},"id":{"type":"string","description_kind":"plain","optional":true,"computed":true},"like":{"type":"string","description":"Like declaration as in CREATE TABLE FOO LIKE \u003clike\u003e","description_kind":"plain","optional":true},"name":{"type":"string","description":"Name of Table","description_kind":"plain","required":true},"primary_key_indices":{"type":["map","number"],"description_kind":"plain","computed":true},"schema":{"type":"string","description":"Schema to create Table in","description_kind":"plain","required":true},"subquery":{"type":"string","description":"Subquery declaration as in CREATE TABLE FOO AS \u003csubquery\u003e","description_kind":"plain","optional":true}},"description_kind":"plain"}},"exasol_user":{"version":0,"block":{"attributes":{"id":{"type":"string","description_kind":"plain","optional":true,"computed":true},"kerberos":{"type":"string","description":"Authentication using Kerberos Principals. The defined principal looks like \u003cuser\u003e@\u003crealm\u003e","description_kind":"plain","optional":true},"ldap":{"type":"string","description":"Authentication using LDAP","description_kind":"plain","optional":true},"name":{"type":"string","description":"Name of User","description_kind":"plain","required":true},"password":{"type":"string","description_kind":"plain","optional":true,"sensitive":true}},"description_kind":"plain"}}},"data_source_schemas":{"exasol_connection":{"version":0,"block":{"attributes":{"id":{"type":"string","description_kind":"plain","optional":true,"computed":true},"name":{"type":"string","description":"Name of connection","description_kind":"plain","required":true},"to":{"type":"string","description":"Where connection points to","description_kind":"plain","computed":true},"username":{"type":"string","description":"User used with connection","description_kind":"plain","computed":true}},"description_kind":"plain"}},"exasol_physical_schema":{"version":0,"block":{"attributes":{"id":{"type":"string","description_kind":"plain","optional":true,"computed":true},"name":{"type":"string","description":"Name of Schema","description_kind":"plain","required":true}},"description_kind":"plain"}},"exasol_table":{"version":0,"block":{"attributes":{"column_indices":{"type":["map","number"],"description_kind":"plain","computed":true},"columns":{"type":["list",["object",{"name":"string","type":"string"}]],"description_kind":"plain","computed":true},"foreign_key_indices":{"type":["map","number"],"description_kind":"plain","computed":true},"id":{"type":"string","description_kind":"plain","optional":true,"computed":true},"name":{"type":"string","description":"Name of Table","description_kind":"plain","required":true},"primary_key_indices":{"type":["map","number"],"description_kind":"plain","computed":true},"schema":{"type":"string","description":"Name of Schema to create Table in","description_kind":"plain","required":true}},"description_kind":"plain"}}}}}}
