{"format_version":"0.1","provider_schemas":{"registry.terraform.io/ukfast/ecloud":{"provider":{"version":0,"block":{"attributes":{"api_key":{"type":"string","description":"API token required to authenticate with UKFast APIs. See https://developers.ukfast.io for more details","description_kind":"plain","optional":true,"sensitive":true}},"description_kind":"plain"}},"resource_schemas":{"ecloud_solution_tag":{"version":0,"block":{"attributes":{"id":{"type":"string","description_kind":"plain","optional":true,"computed":true},"key":{"type":"string","description_kind":"plain","required":true},"solution_id":{"type":"number","description_kind":"plain","required":true},"value":{"type":"string","description_kind":"plain","required":true}},"description_kind":"plain"}},"ecloud_solution_template":{"version":0,"block":{"attributes":{"id":{"type":"string","description_kind":"plain","optional":true,"computed":true},"name":{"type":"string","description_kind":"plain","required":true},"solution_id":{"type":"number","description_kind":"plain","required":true},"virtualmachine_id":{"type":"number","description_kind":"plain","required":true}},"description_kind":"plain"}},"ecloud_virtualmachine":{"version":0,"block":{"attributes":{"activedirectory_domain_id":{"type":"number","description_kind":"plain","optional":true},"appliance_id":{"type":"string","description_kind":"plain","optional":true},"appliance_parameters":{"type":["map","string"],"description_kind":"plain","optional":true},"bootstrap_script":{"type":"string","description_kind":"plain","optional":true},"computername":{"type":"string","description_kind":"plain","optional":true,"computed":true},"cpu":{"type":"number","description_kind":"plain","required":true},"datastore_id":{"type":"number","description_kind":"plain","optional":true},"environment":{"type":"string","description_kind":"plain","required":true},"external_ip_required":{"type":"bool","description_kind":"plain","optional":true},"id":{"type":"string","description_kind":"plain","optional":true,"computed":true},"ip_external":{"type":"string","description_kind":"plain","computed":true},"ip_internal":{"type":"string","description_kind":"plain","computed":true},"name":{"type":"string","description_kind":"plain","optional":true,"computed":true},"network_id":{"type":"number","description_kind":"plain","optional":true},"pod_id":{"type":"number","description_kind":"plain","optional":true},"power_status":{"type":"string","description_kind":"plain","optional":true},"ram":{"type":"number","description_kind":"plain","required":true},"role":{"type":"string","description_kind":"plain","optional":true},"site_id":{"type":"number","description_kind":"plain","optional":true},"solution_id":{"type":"number","description_kind":"plain","optional":true,"computed":true},"ssh_keys":{"type":["list","string"],"description_kind":"plain","optional":true},"template":{"type":"string","description_kind":"plain","optional":true},"template_password":{"type":"string","description_kind":"plain","optional":true}},"block_types":{"disk":{"nesting_mode":"list","block":{"attributes":{"capacity":{"type":"number","description_kind":"plain","required":true},"name":{"type":"string","description_kind":"plain","optional":true},"uuid":{"type":"string","description_kind":"plain","computed":true}},"description_kind":"plain"},"min_items":1}},"description_kind":"plain"}},"ecloud_virtualmachine_tag":{"version":0,"block":{"attributes":{"id":{"type":"string","description_kind":"plain","optional":true,"computed":true},"key":{"type":"string","description_kind":"plain","required":true},"value":{"type":"string","description_kind":"plain","required":true},"virtualmachine_id":{"type":"number","description_kind":"plain","required":true}},"description_kind":"plain"}}},"data_source_schemas":{"ecloud_active_directory":{"version":0,"block":{"attributes":{"id":{"type":"string","description_kind":"plain","optional":true,"computed":true},"name":{"type":"string","description_kind":"plain","required":true}},"description_kind":"plain"}},"ecloud_appliance":{"version":0,"block":{"attributes":{"id":{"type":"string","description_kind":"plain","optional":true,"computed":true},"name":{"type":"string","description_kind":"plain","required":true}},"description_kind":"plain"}},"ecloud_datastore":{"version":0,"block":{"attributes":{"capacity":{"type":"number","description_kind":"plain","computed":true},"id":{"type":"string","description_kind":"plain","optional":true,"computed":true},"name":{"type":"string","description_kind":"plain","required":true},"site_id":{"type":"number","description_kind":"plain","optional":true,"computed":true},"solution_id":{"type":"number","description_kind":"plain","required":true},"status":{"type":"string","description_kind":"plain","computed":true}},"description_kind":"plain"}},"ecloud_network":{"version":0,"block":{"attributes":{"id":{"type":"string","description_kind":"plain","optional":true,"computed":true},"name":{"type":"string","description_kind":"plain","required":true},"solution_id":{"type":"number","description_kind":"plain","required":true}},"description_kind":"plain"}},"ecloud_pod":{"version":0,"block":{"attributes":{"id":{"type":"string","description_kind":"plain","optional":true,"computed":true},"name":{"type":"string","description_kind":"plain","required":true}},"description_kind":"plain"}},"ecloud_pod_appliance":{"version":0,"block":{"attributes":{"id":{"type":"string","description_kind":"plain","optional":true,"computed":true},"name":{"type":"string","description_kind":"plain","required":true},"pod_id":{"type":"number","description_kind":"plain","required":true}},"description_kind":"plain"}},"ecloud_site":{"version":0,"block":{"attributes":{"id":{"type":"string","description_kind":"plain","optional":true,"computed":true},"pod_id":{"type":"number","description_kind":"plain","required":true},"solution_id":{"type":"number","description_kind":"plain","required":true},"state":{"type":"string","description_kind":"plain","computed":true}},"description_kind":"plain"}},"ecloud_solution":{"version":0,"block":{"attributes":{"environment":{"type":"string","description_kind":"plain","computed":true},"id":{"type":"string","description_kind":"plain","optional":true,"computed":true},"name":{"type":"string","description_kind":"plain","required":true}},"description_kind":"plain"}},"ecloud_solution_template":{"version":0,"block":{"attributes":{"cpu":{"type":"number","description_kind":"plain","computed":true},"hdd":{"type":"number","description_kind":"plain","computed":true},"id":{"type":"string","description_kind":"plain","optional":true,"computed":true},"name":{"type":"string","description_kind":"plain","required":true},"platform":{"type":"string","description_kind":"plain","computed":true},"ram":{"type":"number","description_kind":"plain","computed":true},"solution_id":{"type":"number","description_kind":"plain","required":true}},"description_kind":"plain"}},"ecloud_template":{"version":0,"block":{"attributes":{"cpu":{"type":"number","description_kind":"plain","computed":true},"hdd":{"type":"number","description_kind":"plain","computed":true},"id":{"type":"string","description_kind":"plain","optional":true,"computed":true},"name":{"type":"string","description_kind":"plain","required":true},"platform":{"type":"string","description_kind":"plain","computed":true},"pod_id":{"type":"number","description_kind":"plain","required":true},"ram":{"type":"number","description_kind":"plain","computed":true}},"description_kind":"plain"}}}}}}
