{"format_version":"0.1","provider_schemas":{"registry.terraform.io/oboukili/argocd":{"provider":{"version":0,"block":{"attributes":{"auth_token":{"type":"string","description_kind":"plain","optional":true},"cert_file":{"type":"string","description_kind":"plain","optional":true},"context":{"type":"string","description_kind":"plain","optional":true},"grpc_web":{"type":"bool","description_kind":"plain","optional":true},"headers":{"type":["set","string"],"description_kind":"plain","optional":true},"insecure":{"type":"bool","description_kind":"plain","optional":true},"password":{"type":"string","description_kind":"plain","optional":true},"plain_text":{"type":"bool","description_kind":"plain","optional":true},"port_forward":{"type":"bool","description_kind":"plain","optional":true},"port_forward_with_namespace":{"type":"string","description_kind":"plain","optional":true},"server_addr":{"type":"string","description_kind":"plain","required":true},"user_agent":{"type":"string","description_kind":"plain","optional":true},"username":{"type":"string","description_kind":"plain","optional":true}},"description_kind":"plain"}},"resource_schemas":{"argocd_application":{"version":0,"block":{"attributes":{"id":{"type":"string","description_kind":"plain","optional":true,"computed":true}},"block_types":{"metadata":{"nesting_mode":"list","block":{"attributes":{"annotations":{"type":["map","string"],"description":"An unstructured key value map stored with the applications.argoproj.io that may be used to store arbitrary metadata. More info: http://kubernetes.io/docs/user-guide/annotations","description_kind":"plain","optional":true},"generation":{"type":"number","description":"A sequence number representing a specific generation of the desired state.","description_kind":"plain","computed":true},"labels":{"type":["map","string"],"description":"Map of string keys and values that can be used to organize and categorize (scope and select) the applications.argoproj.io. May match selectors of replication controllers and services. More info: http://kubernetes.io/docs/user-guide/labels","description_kind":"plain","optional":true},"name":{"type":"string","description":"Name of the applications.argoproj.io, must be unique. Cannot be updated. More info: http://kubernetes.io/docs/user-guide/identifiers#names","description_kind":"plain","optional":true,"computed":true},"namespace":{"type":"string","description":"Namespace of the applications.argoproj.io, must be unique. Cannot be updated. More info: https://kubernetes.io/docs/concepts/overview/working-with-objects/namespaces/","description_kind":"plain","optional":true,"computed":true},"resource_version":{"type":"string","description":"An opaque value that represents the internal version of this applications.argoproj.io that can be used by clients to determine when applications.argoproj.io has changed. Read more: https://github.com/kubernetes/community/blob/master/contributors/devel/sig-architecture/api-conventions.md#concurrency-control-and-consistency","description_kind":"plain","computed":true},"uid":{"type":"string","description":"The unique in time and space value for this applications.argoproj.io. More info: http://kubernetes.io/docs/user-guide/identifiers#uids","description_kind":"plain","computed":true}},"description":"Standard applications.argoproj.io's metadata. More info: https://github.com/kubernetes/community/blob/master/contributors/devel/sig-architecture/api-conventions.md#metadata","description_kind":"plain"},"min_items":1,"max_items":1},"spec":{"nesting_mode":"list","block":{"attributes":{"project":{"type":"string","description":"The application project, defaults to 'default'","description_kind":"plain","optional":true},"revision_history_limit":{"type":"number","description_kind":"plain","optional":true}},"block_types":{"destination":{"nesting_mode":"set","block":{"attributes":{"namespace":{"type":"string","description_kind":"plain","required":true},"server":{"type":"string","description_kind":"plain","required":true}},"description_kind":"plain"},"min_items":1,"max_items":1},"ignore_difference":{"nesting_mode":"list","block":{"attributes":{"group":{"type":"string","description_kind":"plain","optional":true},"json_pointers":{"type":["set","string"],"description_kind":"plain","optional":true},"kind":{"type":"string","description_kind":"plain","optional":true},"name":{"type":"string","description_kind":"plain","optional":true},"namespace":{"type":"string","description_kind":"plain","optional":true}},"description_kind":"plain"}},"info":{"nesting_mode":"set","block":{"attributes":{"name":{"type":"string","description_kind":"plain","optional":true},"value":{"type":"string","description_kind":"plain","optional":true}},"description_kind":"plain"}},"source":{"nesting_mode":"list","block":{"attributes":{"chart":{"type":"string","description_kind":"plain","optional":true},"path":{"type":"string","description_kind":"plain","optional":true},"repo_url":{"type":"string","description_kind":"plain","required":true},"target_revision":{"type":"string","description_kind":"plain","optional":true}},"block_types":{"directory":{"nesting_mode":"list","block":{"attributes":{"recurse":{"type":"bool","description_kind":"plain","optional":true}},"block_types":{"jsonnet":{"nesting_mode":"list","block":{"block_types":{"ext_var":{"nesting_mode":"list","block":{"attributes":{"code":{"type":"bool","description_kind":"plain","optional":true},"name":{"type":"string","description_kind":"plain","optional":true},"value":{"type":"string","description_kind":"plain","optional":true}},"description_kind":"plain"}},"tla":{"nesting_mode":"set","block":{"attributes":{"code":{"type":"bool","description_kind":"plain","optional":true},"name":{"type":"string","description_kind":"plain","optional":true},"value":{"type":"string","description_kind":"plain","optional":true}},"description_kind":"plain"}}},"description_kind":"plain"},"max_items":1}},"description_kind":"plain"},"max_items":1},"helm":{"nesting_mode":"list","block":{"attributes":{"release_name":{"type":"string","description":"The Helm release name. If omitted it will use the application name","description_kind":"plain","optional":true},"value_files":{"type":["list","string"],"description_kind":"plain","optional":true},"values":{"type":"string","description_kind":"plain","optional":true}},"block_types":{"parameter":{"nesting_mode":"set","block":{"attributes":{"force_string":{"type":"bool","description":"force_string determines whether to tell Helm to interpret booleans and numbers as strings","description_kind":"plain","optional":true},"name":{"type":"string","description_kind":"plain","optional":true},"value":{"type":"string","description_kind":"plain","optional":true}},"description_kind":"plain"}}},"description_kind":"plain"},"max_items":1},"ksonnet":{"nesting_mode":"list","block":{"attributes":{"environment":{"type":"string","description_kind":"plain","optional":true}},"block_types":{"parameters":{"nesting_mode":"set","block":{"attributes":{"component":{"type":"string","description_kind":"plain","optional":true},"name":{"type":"string","description_kind":"plain","optional":true},"value":{"type":"string","description_kind":"plain","optional":true}},"description_kind":"plain"}}},"description_kind":"plain"},"max_items":1},"kustomize":{"nesting_mode":"list","block":{"attributes":{"common_labels":{"type":["map","string"],"description_kind":"plain","optional":true},"images":{"type":["set","string"],"description_kind":"plain","optional":true},"name_prefix":{"type":"string","description_kind":"plain","optional":true},"name_suffix":{"type":"string","description_kind":"plain","optional":true},"version":{"type":"string","description_kind":"plain","optional":true}},"description_kind":"plain"},"max_items":1},"plugin":{"nesting_mode":"list","block":{"attributes":{"name":{"type":"string","description_kind":"plain","optional":true}},"block_types":{"env":{"nesting_mode":"set","block":{"attributes":{"name":{"type":"string","description_kind":"plain","optional":true},"value":{"type":"string","description_kind":"plain","optional":true}},"description_kind":"plain"}}},"description_kind":"plain"},"max_items":1}},"description_kind":"plain"},"min_items":1,"max_items":1},"sync_policy":{"nesting_mode":"list","block":{"attributes":{"automated":{"type":["map","bool"],"description_kind":"plain","optional":true},"sync_options":{"type":["list","string"],"description_kind":"plain","optional":true}},"description_kind":"plain"},"max_items":1}},"description":"ArgoCD App application resource specs. Required attributes: destination, source.","description_kind":"plain"},"min_items":1,"max_items":1}},"description_kind":"plain"}},"argocd_project":{"version":0,"block":{"attributes":{"id":{"type":"string","description_kind":"plain","optional":true,"computed":true}},"block_types":{"metadata":{"nesting_mode":"list","block":{"attributes":{"annotations":{"type":["map","string"],"description":"An unstructured key value map stored with the appprojects.argoproj.io that may be used to store arbitrary metadata. More info: http://kubernetes.io/docs/user-guide/annotations","description_kind":"plain","optional":true},"generation":{"type":"number","description":"A sequence number representing a specific generation of the desired state.","description_kind":"plain","computed":true},"labels":{"type":["map","string"],"description":"Map of string keys and values that can be used to organize and categorize (scope and select) the appprojects.argoproj.io. May match selectors of replication controllers and services. More info: http://kubernetes.io/docs/user-guide/labels","description_kind":"plain","optional":true},"name":{"type":"string","description":"Name of the appprojects.argoproj.io, must be unique. Cannot be updated. More info: http://kubernetes.io/docs/user-guide/identifiers#names","description_kind":"plain","optional":true,"computed":true},"namespace":{"type":"string","description":"Namespace of the appprojects.argoproj.io, must be unique. Cannot be updated. More info: https://kubernetes.io/docs/concepts/overview/working-with-objects/namespaces/","description_kind":"plain","optional":true,"computed":true},"resource_version":{"type":"string","description":"An opaque value that represents the internal version of this appprojects.argoproj.io that can be used by clients to determine when appprojects.argoproj.io has changed. Read more: https://github.com/kubernetes/community/blob/master/contributors/devel/sig-architecture/api-conventions.md#concurrency-control-and-consistency","description_kind":"plain","computed":true},"uid":{"type":"string","description":"The unique in time and space value for this appprojects.argoproj.io. More info: http://kubernetes.io/docs/user-guide/identifiers#uids","description_kind":"plain","computed":true}},"description":"Standard appprojects.argoproj.io's metadata. More info: https://github.com/kubernetes/community/blob/master/contributors/devel/sig-architecture/api-conventions.md#metadata","description_kind":"plain"},"min_items":1,"max_items":1},"spec":{"nesting_mode":"list","block":{"attributes":{"description":{"type":"string","description_kind":"plain","optional":true},"orphaned_resources":{"type":["map","bool"],"description_kind":"plain","optional":true},"source_repos":{"type":["list","string"],"description_kind":"plain","required":true}},"block_types":{"cluster_resource_whitelist":{"nesting_mode":"set","block":{"attributes":{"group":{"type":"string","description_kind":"plain","optional":true},"kind":{"type":"string","description_kind":"plain","optional":true}},"description_kind":"plain"}},"destination":{"nesting_mode":"set","block":{"attributes":{"namespace":{"type":"string","description_kind":"plain","required":true},"server":{"type":"string","description_kind":"plain","required":true}},"description_kind":"plain"},"min_items":1},"namespace_resource_blacklist":{"nesting_mode":"set","block":{"attributes":{"group":{"type":"string","description_kind":"plain","optional":true},"kind":{"type":"string","description_kind":"plain","optional":true}},"description_kind":"plain"}},"role":{"nesting_mode":"list","block":{"attributes":{"description":{"type":"string","description_kind":"plain","optional":true},"groups":{"type":["list","string"],"description_kind":"plain","optional":true},"name":{"type":"string","description_kind":"plain","required":true},"policies":{"type":["list","string"],"description_kind":"plain","required":true}},"description_kind":"plain"}},"sync_window":{"nesting_mode":"list","block":{"attributes":{"applications":{"type":["list","string"],"description_kind":"plain","optional":true},"clusters":{"type":["list","string"],"description_kind":"plain","optional":true},"duration":{"type":"string","description_kind":"plain","optional":true},"kind":{"type":"string","description_kind":"plain","optional":true},"manual_sync":{"type":"bool","description_kind":"plain","optional":true},"namespaces":{"type":["list","string"],"description_kind":"plain","optional":true},"schedule":{"type":"string","description_kind":"plain","optional":true}},"description_kind":"plain"}}},"description":"ArgoCD App project resource specs. Required attributes: destination, source_repos.","description_kind":"plain"},"min_items":1,"max_items":1}},"description_kind":"plain"}},"argocd_project_token":{"version":0,"block":{"attributes":{"description":{"type":"string","description_kind":"plain","optional":true},"expires_at":{"type":"string","description_kind":"plain","computed":true},"expires_in":{"type":"string","description_kind":"plain","optional":true},"id":{"type":"string","description_kind":"plain","optional":true,"computed":true},"issued_at":{"type":"string","description_kind":"plain","computed":true},"jwt":{"type":"string","description_kind":"plain","computed":true,"sensitive":true},"project":{"type":"string","description_kind":"plain","required":true},"renew_before":{"type":"string","description_kind":"plain","optional":true},"role":{"type":"string","description_kind":"plain","required":true}},"description_kind":"plain"}},"argocd_repository":{"version":0,"block":{"attributes":{"connection_state_status":{"type":"string","description_kind":"plain","computed":true},"enable_lfs":{"type":"bool","description":"Whether git-lfs support should be enabled for this repo","description_kind":"plain","optional":true},"id":{"type":"string","description_kind":"plain","optional":true,"computed":true},"inherited_creds":{"type":"bool","description":"Whether credentials were inherited from a credential set","description_kind":"plain","computed":true},"insecure":{"type":"bool","description":"Whether the repo is insecure","description_kind":"plain","optional":true},"name":{"type":"string","description":"only for Helm repos","description_kind":"plain","optional":true},"password":{"type":"string","description":"Password for authenticating at the repo server","description_kind":"plain","optional":true,"sensitive":true},"repo":{"type":"string","description":"URL of the repo","description_kind":"plain","required":true},"ssh_private_key":{"type":"string","description":"SSH private key data for authenticating at the repo server only for Git repos","description_kind":"plain","optional":true,"sensitive":true},"tls_client_cert_data":{"type":"string","description":"TLS client cert data for authenticating at the repo server","description_kind":"plain","optional":true},"tls_client_cert_key":{"type":"string","description":"TLS client cert key for authenticating at the repo server ","description_kind":"plain","optional":true,"sensitive":true},"type":{"type":"string","description":"type of the repo, may be 'git' or 'helm', defaults to 'git'","description_kind":"plain","optional":true},"username":{"type":"string","description":"Username for authenticating at the repo server","description_kind":"plain","optional":true}},"description_kind":"plain"}},"argocd_repository_credentials":{"version":0,"block":{"attributes":{"id":{"type":"string","description_kind":"plain","optional":true,"computed":true},"password":{"type":"string","description":"Password for authenticating at the repo server","description_kind":"plain","optional":true,"sensitive":true},"ssh_private_key":{"type":"string","description":"SSH private key data for authenticating at the repo server only for Git repos","description_kind":"plain","optional":true,"sensitive":true},"tls_client_cert_data":{"type":"string","description":"TLS client cert data for authenticating at the repo server","description_kind":"plain","optional":true},"tls_client_cert_key":{"type":"string","description":"TLS client cert key for authenticating at the repo server ","description_kind":"plain","optional":true,"sensitive":true},"url":{"type":"string","description":"URL is the URL that this credentials matches to","description_kind":"plain","required":true},"username":{"type":"string","description":"Username for authenticating at the repo server","description_kind":"plain","optional":true}},"description_kind":"plain"}}}}}}
