{"format_version":"0.1","provider_schemas":{"registry.terraform.io/58231/grafana":{"provider":{"version":0,"block":{"attributes":{"auth":{"type":"string","description":"Credentials for accessing the Grafana API.","description_kind":"plain","required":true,"sensitive":true},"url":{"type":"string","description":"URL of the root of the target Grafana server.","description_kind":"plain","required":true}},"description_kind":"plain"}},"resource_schemas":{"grafana_alert_notification":{"version":0,"block":{"attributes":{"frequency":{"type":"string","description_kind":"plain","optional":true},"id":{"type":"string","description_kind":"plain","optional":true,"computed":true},"is_default":{"type":"bool","description_kind":"plain","optional":true},"name":{"type":"string","description_kind":"plain","required":true},"send_reminder":{"type":"bool","description_kind":"plain","optional":true},"settings":{"type":["map","string"],"description_kind":"plain","optional":true,"sensitive":true},"type":{"type":"string","description_kind":"plain","required":true},"uid":{"type":"string","description_kind":"plain","optional":true,"computed":true}},"description_kind":"plain"}},"grafana_dashboard":{"version":0,"block":{"attributes":{"config_json":{"type":"string","description_kind":"plain","required":true},"folder":{"type":"number","description_kind":"plain","optional":true},"id":{"type":"string","description_kind":"plain","optional":true,"computed":true},"slug":{"type":"string","description_kind":"plain","computed":true}},"description_kind":"plain"}},"grafana_data_source":{"version":0,"block":{"attributes":{"access_mode":{"type":"string","description_kind":"plain","optional":true},"basic_auth_enabled":{"type":"bool","description_kind":"plain","optional":true},"basic_auth_password":{"type":"string","description_kind":"plain","optional":true,"sensitive":true},"basic_auth_username":{"type":"string","description_kind":"plain","optional":true},"database_name":{"type":"string","description_kind":"plain","optional":true},"id":{"type":"string","description_kind":"plain","optional":true,"computed":true},"is_default":{"type":"bool","description_kind":"plain","optional":true},"name":{"type":"string","description_kind":"plain","required":true},"password":{"type":"string","description_kind":"plain","optional":true,"sensitive":true},"type":{"type":"string","description_kind":"plain","required":true},"url":{"type":"string","description_kind":"plain","optional":true},"username":{"type":"string","description_kind":"plain","optional":true}},"block_types":{"json_data":{"nesting_mode":"list","block":{"attributes":{"assume_role_arn":{"type":"string","description_kind":"plain","optional":true},"auth_type":{"type":"string","description_kind":"plain","optional":true},"conn_max_lifetime":{"type":"number","description_kind":"plain","optional":true},"custom_metrics_namespaces":{"type":"string","description_kind":"plain","optional":true},"default_region":{"type":"string","description_kind":"plain","optional":true},"encrypt":{"type":"string","description_kind":"plain","optional":true},"es_version":{"type":"number","description_kind":"plain","optional":true},"graphite_version":{"type":"string","description_kind":"plain","optional":true},"http_method":{"type":"string","description_kind":"plain","optional":true},"interval":{"type":"string","description_kind":"plain","optional":true},"log_level_field":{"type":"string","description_kind":"plain","optional":true},"log_message_field":{"type":"string","description_kind":"plain","optional":true},"max_idle_conns":{"type":"number","description_kind":"plain","optional":true},"max_open_conns":{"type":"number","description_kind":"plain","optional":true},"postgres_version":{"type":"number","description_kind":"plain","optional":true},"query_timeout":{"type":"string","description_kind":"plain","optional":true},"ssl_mode":{"type":"string","description_kind":"plain","optional":true},"time_field":{"type":"string","description_kind":"plain","optional":true},"time_interval":{"type":"string","description_kind":"plain","optional":true},"timescaledb":{"type":"bool","description_kind":"plain","optional":true},"tls_auth":{"type":"bool","description_kind":"plain","optional":true},"tls_auth_with_ca_cert":{"type":"bool","description_kind":"plain","optional":true},"tls_skip_verify":{"type":"bool","description_kind":"plain","optional":true},"tsdb_resolution":{"type":"string","description_kind":"plain","optional":true},"tsdb_version":{"type":"string","description_kind":"plain","optional":true}},"description_kind":"plain"}},"secure_json_data":{"nesting_mode":"list","block":{"attributes":{"access_key":{"type":"string","description_kind":"plain","optional":true,"sensitive":true},"basic_auth_password":{"type":"string","description_kind":"plain","optional":true,"sensitive":true},"password":{"type":"string","description_kind":"plain","optional":true,"sensitive":true},"secret_key":{"type":"string","description_kind":"plain","optional":true,"sensitive":true},"tls_ca_cert":{"type":"string","description_kind":"plain","optional":true,"sensitive":true},"tls_client_cert":{"type":"string","description_kind":"plain","optional":true,"sensitive":true},"tls_client_key":{"type":"string","description_kind":"plain","optional":true,"sensitive":true}},"description_kind":"plain"}}},"description_kind":"plain"}},"grafana_folder":{"version":0,"block":{"attributes":{"id":{"type":"string","description_kind":"plain","optional":true,"computed":true},"title":{"type":"string","description_kind":"plain","required":true},"uid":{"type":"string","description_kind":"plain","computed":true}},"description_kind":"plain"}},"grafana_organization":{"version":0,"block":{"attributes":{"admin_user":{"type":"string","description_kind":"plain","optional":true},"admins":{"type":["list","string"],"description_kind":"plain","optional":true},"create_users":{"type":"bool","description_kind":"plain","optional":true},"editors":{"type":["list","string"],"description_kind":"plain","optional":true},"id":{"type":"string","description_kind":"plain","optional":true,"computed":true},"name":{"type":"string","description_kind":"plain","required":true},"org_id":{"type":"number","description_kind":"plain","computed":true},"viewers":{"type":["list","string"],"description_kind":"plain","optional":true}},"description_kind":"plain"}}}}}}
