{"format_version":"0.1","provider_schemas":{"registry.terraform.io/flexkube/flexkube":{"provider":{"version":0,"block":{"description_kind":"plain"}},"resource_schemas":{"flexkube_apiloadbalancer_pool":{"version":0,"block":{"attributes":{"bind_address":{"type":"string","description_kind":"plain","optional":true},"config_yaml":{"type":"string","description_kind":"plain","optional":true,"computed":true,"sensitive":true},"host_config_path":{"type":"string","description_kind":"plain","optional":true},"id":{"type":"string","description_kind":"plain","optional":true,"computed":true},"image":{"type":"string","description_kind":"plain","optional":true},"name":{"type":"string","description_kind":"plain","optional":true},"servers":{"type":["list","string"],"description_kind":"plain","optional":true},"state":{"type":["list",["object",{"config_files":["map","string"],"container":["list",["object",{"config":["list",["object",{"args":["list","string"],"entrypoint":["list","string"],"group":"string","image":"string","ipc_mode":"string","mount":["list",["object",{"propagation":"string","source":"string","target":"string"}]],"name":"string","network_mode":"string","pid_mode":"string","port":["list",["object",{"ip":"string","port":"number","protocol":"string"}]],"privileged":"bool","user":"string"}]],"runtime":["list",["object",{"docker":["list",["object",{"host":"string"}]]}]],"status":["list",["object",{"id":"string","status":"string"}]]}]],"host":["list",["object",{"direct":["list",["object",{}]],"ssh":["list",["object",{"address":"string","connection_timeout":"string","password":"string","port":"number","private_key":"string","retry_interval":"string","retry_timeout":"string","user":"string"}]]}]],"name":"string"}]],"description_kind":"plain","computed":true},"state_sensitive":{"type":["list",["object",{"config_files":["map","string"],"container":["list",["object",{"config":["list",["object",{"args":["list","string"],"entrypoint":["list","string"],"group":"string","image":"string","ipc_mode":"string","mount":["list",["object",{"propagation":"string","source":"string","target":"string"}]],"name":"string","network_mode":"string","pid_mode":"string","port":["list",["object",{"ip":"string","port":"number","protocol":"string"}]],"privileged":"bool","user":"string"}]],"runtime":["list",["object",{"docker":["list",["object",{"host":"string"}]]}]],"status":["list",["object",{"id":"string","status":"string"}]]}]],"host":["list",["object",{"direct":["list",["object",{}]],"ssh":["list",["object",{"address":"string","connection_timeout":"string","password":"string","port":"number","private_key":"string","retry_interval":"string","retry_timeout":"string","user":"string"}]]}]],"name":"string"}]],"description_kind":"plain","computed":true,"sensitive":true},"state_yaml":{"type":"string","description_kind":"plain","optional":true,"computed":true,"sensitive":true}},"block_types":{"api_load_balancer":{"nesting_mode":"list","block":{"attributes":{"bind_address":{"type":"string","description_kind":"plain","optional":true},"host_config_path":{"type":"string","description_kind":"plain","optional":true},"image":{"type":"string","description_kind":"plain","optional":true},"name":{"type":"string","description_kind":"plain","optional":true},"servers":{"type":["list","string"],"description_kind":"plain","optional":true}},"block_types":{"host":{"nesting_mode":"list","block":{"block_types":{"direct":{"nesting_mode":"list","block":{"description_kind":"plain"},"max_items":1},"ssh":{"nesting_mode":"list","block":{"attributes":{"address":{"type":"string","description_kind":"plain","optional":true},"connection_timeout":{"type":"string","description_kind":"plain","optional":true},"password":{"type":"string","description_kind":"plain","optional":true,"sensitive":true},"port":{"type":"number","description_kind":"plain","optional":true},"private_key":{"type":"string","description_kind":"plain","optional":true,"sensitive":true},"retry_interval":{"type":"string","description_kind":"plain","optional":true},"retry_timeout":{"type":"string","description_kind":"plain","optional":true},"user":{"type":"string","description_kind":"plain","optional":true}},"description_kind":"plain"},"max_items":1}},"description_kind":"plain"},"max_items":1}},"description_kind":"plain"},"min_items":1},"ssh":{"nesting_mode":"list","block":{"attributes":{"address":{"type":"string","description_kind":"plain","optional":true},"connection_timeout":{"type":"string","description_kind":"plain","optional":true},"password":{"type":"string","description_kind":"plain","optional":true,"sensitive":true},"port":{"type":"number","description_kind":"plain","optional":true},"private_key":{"type":"string","description_kind":"plain","optional":true,"sensitive":true},"retry_interval":{"type":"string","description_kind":"plain","optional":true},"retry_timeout":{"type":"string","description_kind":"plain","optional":true},"user":{"type":"string","description_kind":"plain","optional":true}},"description_kind":"plain"},"max_items":1}},"description_kind":"plain"}},"flexkube_containers":{"version":0,"block":{"attributes":{"config_yaml":{"type":"string","description_kind":"plain","optional":true,"computed":true,"sensitive":true},"id":{"type":"string","description_kind":"plain","optional":true,"computed":true},"state":{"type":["list",["object",{"config_files":["map","string"],"container":["list",["object",{"config":["list",["object",{"args":["list","string"],"entrypoint":["list","string"],"group":"string","image":"string","ipc_mode":"string","mount":["list",["object",{"propagation":"string","source":"string","target":"string"}]],"name":"string","network_mode":"string","pid_mode":"string","port":["list",["object",{"ip":"string","port":"number","protocol":"string"}]],"privileged":"bool","user":"string"}]],"runtime":["list",["object",{"docker":["list",["object",{"host":"string"}]]}]],"status":["list",["object",{"id":"string","status":"string"}]]}]],"host":["list",["object",{"direct":["list",["object",{}]],"ssh":["list",["object",{"address":"string","connection_timeout":"string","password":"string","port":"number","private_key":"string","retry_interval":"string","retry_timeout":"string","user":"string"}]]}]],"name":"string"}]],"description_kind":"plain","computed":true},"state_sensitive":{"type":["list",["object",{"config_files":["map","string"],"container":["list",["object",{"config":["list",["object",{"args":["list","string"],"entrypoint":["list","string"],"group":"string","image":"string","ipc_mode":"string","mount":["list",["object",{"propagation":"string","source":"string","target":"string"}]],"name":"string","network_mode":"string","pid_mode":"string","port":["list",["object",{"ip":"string","port":"number","protocol":"string"}]],"privileged":"bool","user":"string"}]],"runtime":["list",["object",{"docker":["list",["object",{"host":"string"}]]}]],"status":["list",["object",{"id":"string","status":"string"}]]}]],"host":["list",["object",{"direct":["list",["object",{}]],"ssh":["list",["object",{"address":"string","connection_timeout":"string","password":"string","port":"number","private_key":"string","retry_interval":"string","retry_timeout":"string","user":"string"}]]}]],"name":"string"}]],"description_kind":"plain","computed":true,"sensitive":true},"state_yaml":{"type":"string","description_kind":"plain","optional":true,"computed":true,"sensitive":true}},"block_types":{"host_configured_container":{"nesting_mode":"list","block":{"attributes":{"config_files":{"type":["map","string"],"description_kind":"plain","optional":true},"name":{"type":"string","description_kind":"plain","required":true}},"block_types":{"container":{"nesting_mode":"list","block":{"block_types":{"config":{"nesting_mode":"list","block":{"attributes":{"args":{"type":["list","string"],"description_kind":"plain","optional":true},"entrypoint":{"type":["list","string"],"description_kind":"plain","optional":true},"group":{"type":"string","description_kind":"plain","optional":true},"image":{"type":"string","description_kind":"plain","required":true},"ipc_mode":{"type":"string","description_kind":"plain","optional":true},"name":{"type":"string","description_kind":"plain","required":true},"network_mode":{"type":"string","description_kind":"plain","optional":true},"pid_mode":{"type":"string","description_kind":"plain","optional":true},"privileged":{"type":"bool","description_kind":"plain","optional":true},"user":{"type":"string","description_kind":"plain","optional":true}},"block_types":{"mount":{"nesting_mode":"list","block":{"attributes":{"propagation":{"type":"string","description_kind":"plain","optional":true},"source":{"type":"string","description_kind":"plain","optional":true},"target":{"type":"string","description_kind":"plain","optional":true}},"description_kind":"plain"}},"port":{"nesting_mode":"list","block":{"attributes":{"ip":{"type":"string","description_kind":"plain","optional":true},"port":{"type":"number","description_kind":"plain","optional":true},"protocol":{"type":"string","description_kind":"plain","optional":true}},"description_kind":"plain"}}},"description_kind":"plain"},"min_items":1,"max_items":1},"runtime":{"nesting_mode":"list","block":{"block_types":{"docker":{"nesting_mode":"list","block":{"attributes":{"host":{"type":"string","description_kind":"plain","optional":true}},"description_kind":"plain"},"max_items":1}},"description_kind":"plain"},"max_items":1}},"description_kind":"plain"},"min_items":1,"max_items":1},"host":{"nesting_mode":"list","block":{"block_types":{"direct":{"nesting_mode":"list","block":{"description_kind":"plain"},"max_items":1},"ssh":{"nesting_mode":"list","block":{"attributes":{"address":{"type":"string","description_kind":"plain","optional":true},"connection_timeout":{"type":"string","description_kind":"plain","optional":true},"password":{"type":"string","description_kind":"plain","optional":true,"sensitive":true},"port":{"type":"number","description_kind":"plain","optional":true},"private_key":{"type":"string","description_kind":"plain","optional":true,"sensitive":true},"retry_interval":{"type":"string","description_kind":"plain","optional":true},"retry_timeout":{"type":"string","description_kind":"plain","optional":true},"user":{"type":"string","description_kind":"plain","optional":true}},"description_kind":"plain"},"max_items":1}},"description_kind":"plain"},"max_items":1}},"description_kind":"plain"},"min_items":1}},"description_kind":"plain"}},"flexkube_controlplane":{"version":0,"block":{"attributes":{"api_server_address":{"type":"string","description_kind":"plain","optional":true},"api_server_port":{"type":"number","description_kind":"plain","optional":true},"config_yaml":{"type":"string","description_kind":"plain","optional":true,"computed":true,"sensitive":true},"id":{"type":"string","description_kind":"plain","optional":true,"computed":true},"pki_yaml":{"type":"string","description_kind":"plain","optional":true,"sensitive":true},"state":{"type":["list",["object",{"config_files":["map","string"],"container":["list",["object",{"config":["list",["object",{"args":["list","string"],"entrypoint":["list","string"],"group":"string","image":"string","ipc_mode":"string","mount":["list",["object",{"propagation":"string","source":"string","target":"string"}]],"name":"string","network_mode":"string","pid_mode":"string","port":["list",["object",{"ip":"string","port":"number","protocol":"string"}]],"privileged":"bool","user":"string"}]],"runtime":["list",["object",{"docker":["list",["object",{"host":"string"}]]}]],"status":["list",["object",{"id":"string","status":"string"}]]}]],"host":["list",["object",{"direct":["list",["object",{}]],"ssh":["list",["object",{"address":"string","connection_timeout":"string","password":"string","port":"number","private_key":"string","retry_interval":"string","retry_timeout":"string","user":"string"}]]}]],"name":"string"}]],"description_kind":"plain","computed":true},"state_sensitive":{"type":["list",["object",{"config_files":["map","string"],"container":["list",["object",{"config":["list",["object",{"args":["list","string"],"entrypoint":["list","string"],"group":"string","image":"string","ipc_mode":"string","mount":["list",["object",{"propagation":"string","source":"string","target":"string"}]],"name":"string","network_mode":"string","pid_mode":"string","port":["list",["object",{"ip":"string","port":"number","protocol":"string"}]],"privileged":"bool","user":"string"}]],"runtime":["list",["object",{"docker":["list",["object",{"host":"string"}]]}]],"status":["list",["object",{"id":"string","status":"string"}]]}]],"host":["list",["object",{"direct":["list",["object",{}]],"ssh":["list",["object",{"address":"string","connection_timeout":"string","password":"string","port":"number","private_key":"string","retry_interval":"string","retry_timeout":"string","user":"string"}]]}]],"name":"string"}]],"description_kind":"plain","computed":true,"sensitive":true},"state_yaml":{"type":"string","description_kind":"plain","optional":true,"computed":true,"sensitive":true}},"block_types":{"common":{"nesting_mode":"list","block":{"attributes":{"front_proxy_ca_certificate":{"type":"string","description_kind":"plain","optional":true},"image":{"type":"string","description_kind":"plain","optional":true},"kubernetes_ca_certificate":{"type":"string","description_kind":"plain","optional":true}},"description_kind":"plain"},"max_items":1},"kube_apiserver":{"nesting_mode":"list","block":{"attributes":{"advertise_address":{"type":"string","description_kind":"plain","optional":true},"api_server_certificate":{"type":"string","description_kind":"plain","optional":true},"api_server_key":{"type":"string","description_kind":"plain","optional":true,"computed":true,"sensitive":true},"bind_address":{"type":"string","description_kind":"plain","optional":true},"etcd_ca_certificate":{"type":"string","description_kind":"plain","optional":true},"etcd_client_certificate":{"type":"string","description_kind":"plain","optional":true},"etcd_client_key":{"type":"string","description_kind":"plain","optional":true,"computed":true,"sensitive":true},"etcd_servers":{"type":["list","string"],"description_kind":"plain","optional":true},"front_proxy_certificate":{"type":"string","description_kind":"plain","optional":true},"front_proxy_key":{"type":"string","description_kind":"plain","optional":true,"computed":true,"sensitive":true},"kubelet_client_certificate":{"type":"string","description_kind":"plain","optional":true},"kubelet_client_key":{"type":"string","description_kind":"plain","optional":true,"computed":true,"sensitive":true},"secure_port":{"type":"number","description_kind":"plain","optional":true},"service_account_public_key":{"type":"string","description_kind":"plain","optional":true},"service_cidr":{"type":"string","description_kind":"plain","optional":true}},"block_types":{"common":{"nesting_mode":"list","block":{"attributes":{"front_proxy_ca_certificate":{"type":"string","description_kind":"plain","optional":true},"image":{"type":"string","description_kind":"plain","optional":true},"kubernetes_ca_certificate":{"type":"string","description_kind":"plain","optional":true}},"description_kind":"plain"},"max_items":1},"host":{"nesting_mode":"list","block":{"block_types":{"direct":{"nesting_mode":"list","block":{"description_kind":"plain"},"max_items":1},"ssh":{"nesting_mode":"list","block":{"attributes":{"address":{"type":"string","description_kind":"plain","optional":true},"connection_timeout":{"type":"string","description_kind":"plain","optional":true},"password":{"type":"string","description_kind":"plain","optional":true,"sensitive":true},"port":{"type":"number","description_kind":"plain","optional":true},"private_key":{"type":"string","description_kind":"plain","optional":true,"sensitive":true},"retry_interval":{"type":"string","description_kind":"plain","optional":true},"retry_timeout":{"type":"string","description_kind":"plain","optional":true},"user":{"type":"string","description_kind":"plain","optional":true}},"description_kind":"plain"},"max_items":1}},"description_kind":"plain"},"max_items":1}},"description_kind":"plain"},"min_items":1,"max_items":1},"kube_controller_manager":{"nesting_mode":"list","block":{"attributes":{"flex_volume_plugin_dir":{"type":"string","description_kind":"plain","optional":true},"kubernetes_ca_key":{"type":"string","description_kind":"plain","optional":true,"sensitive":true},"root_ca_certificate":{"type":"string","description_kind":"plain","optional":true},"service_account_private_key":{"type":"string","description_kind":"plain","optional":true,"sensitive":true}},"block_types":{"common":{"nesting_mode":"list","block":{"attributes":{"front_proxy_ca_certificate":{"type":"string","description_kind":"plain","optional":true},"image":{"type":"string","description_kind":"plain","optional":true},"kubernetes_ca_certificate":{"type":"string","description_kind":"plain","optional":true}},"description_kind":"plain"},"max_items":1},"host":{"nesting_mode":"list","block":{"block_types":{"direct":{"nesting_mode":"list","block":{"description_kind":"plain"},"max_items":1},"ssh":{"nesting_mode":"list","block":{"attributes":{"address":{"type":"string","description_kind":"plain","optional":true},"connection_timeout":{"type":"string","description_kind":"plain","optional":true},"password":{"type":"string","description_kind":"plain","optional":true,"sensitive":true},"port":{"type":"number","description_kind":"plain","optional":true},"private_key":{"type":"string","description_kind":"plain","optional":true,"sensitive":true},"retry_interval":{"type":"string","description_kind":"plain","optional":true},"retry_timeout":{"type":"string","description_kind":"plain","optional":true},"user":{"type":"string","description_kind":"plain","optional":true}},"description_kind":"plain"},"max_items":1}},"description_kind":"plain"},"max_items":1},"kubeconfig":{"nesting_mode":"list","block":{"attributes":{"ca_certificate":{"type":"string","description_kind":"plain","optional":true},"client_certificate":{"type":"string","description_kind":"plain","optional":true},"client_key":{"type":"string","description_kind":"plain","optional":true,"sensitive":true},"server":{"type":"string","description_kind":"plain","optional":true}},"description_kind":"plain"},"max_items":1}},"description_kind":"plain"},"max_items":1},"kube_scheduler":{"nesting_mode":"list","block":{"block_types":{"common":{"nesting_mode":"list","block":{"attributes":{"front_proxy_ca_certificate":{"type":"string","description_kind":"plain","optional":true},"image":{"type":"string","description_kind":"plain","optional":true},"kubernetes_ca_certificate":{"type":"string","description_kind":"plain","optional":true}},"description_kind":"plain"},"max_items":1},"host":{"nesting_mode":"list","block":{"block_types":{"direct":{"nesting_mode":"list","block":{"description_kind":"plain"},"max_items":1},"ssh":{"nesting_mode":"list","block":{"attributes":{"address":{"type":"string","description_kind":"plain","optional":true},"connection_timeout":{"type":"string","description_kind":"plain","optional":true},"password":{"type":"string","description_kind":"plain","optional":true,"sensitive":true},"port":{"type":"number","description_kind":"plain","optional":true},"private_key":{"type":"string","description_kind":"plain","optional":true,"sensitive":true},"retry_interval":{"type":"string","description_kind":"plain","optional":true},"retry_timeout":{"type":"string","description_kind":"plain","optional":true},"user":{"type":"string","description_kind":"plain","optional":true}},"description_kind":"plain"},"max_items":1}},"description_kind":"plain"},"max_items":1},"kubeconfig":{"nesting_mode":"list","block":{"attributes":{"ca_certificate":{"type":"string","description_kind":"plain","optional":true},"client_certificate":{"type":"string","description_kind":"plain","optional":true},"client_key":{"type":"string","description_kind":"plain","optional":true,"sensitive":true},"server":{"type":"string","description_kind":"plain","optional":true}},"description_kind":"plain"},"max_items":1}},"description_kind":"plain"},"max_items":1},"ssh":{"nesting_mode":"list","block":{"attributes":{"address":{"type":"string","description_kind":"plain","optional":true},"connection_timeout":{"type":"string","description_kind":"plain","optional":true},"password":{"type":"string","description_kind":"plain","optional":true,"sensitive":true},"port":{"type":"number","description_kind":"plain","optional":true},"private_key":{"type":"string","description_kind":"plain","optional":true,"sensitive":true},"retry_interval":{"type":"string","description_kind":"plain","optional":true},"retry_timeout":{"type":"string","description_kind":"plain","optional":true},"user":{"type":"string","description_kind":"plain","optional":true}},"description_kind":"plain"},"max_items":1}},"description_kind":"plain"}},"flexkube_etcd_cluster":{"version":0,"block":{"attributes":{"ca_certificate":{"type":"string","description_kind":"plain","optional":true},"config_yaml":{"type":"string","description_kind":"plain","optional":true,"computed":true,"sensitive":true},"id":{"type":"string","description_kind":"plain","optional":true,"computed":true},"image":{"type":"string","description_kind":"plain","optional":true},"pki_yaml":{"type":"string","description_kind":"plain","optional":true,"sensitive":true},"state":{"type":["list",["object",{"config_files":["map","string"],"container":["list",["object",{"config":["list",["object",{"args":["list","string"],"entrypoint":["list","string"],"group":"string","image":"string","ipc_mode":"string","mount":["list",["object",{"propagation":"string","source":"string","target":"string"}]],"name":"string","network_mode":"string","pid_mode":"string","port":["list",["object",{"ip":"string","port":"number","protocol":"string"}]],"privileged":"bool","user":"string"}]],"runtime":["list",["object",{"docker":["list",["object",{"host":"string"}]]}]],"status":["list",["object",{"id":"string","status":"string"}]]}]],"host":["list",["object",{"direct":["list",["object",{}]],"ssh":["list",["object",{"address":"string","connection_timeout":"string","password":"string","port":"number","private_key":"string","retry_interval":"string","retry_timeout":"string","user":"string"}]]}]],"name":"string"}]],"description_kind":"plain","computed":true},"state_sensitive":{"type":["list",["object",{"config_files":["map","string"],"container":["list",["object",{"config":["list",["object",{"args":["list","string"],"entrypoint":["list","string"],"group":"string","image":"string","ipc_mode":"string","mount":["list",["object",{"propagation":"string","source":"string","target":"string"}]],"name":"string","network_mode":"string","pid_mode":"string","port":["list",["object",{"ip":"string","port":"number","protocol":"string"}]],"privileged":"bool","user":"string"}]],"runtime":["list",["object",{"docker":["list",["object",{"host":"string"}]]}]],"status":["list",["object",{"id":"string","status":"string"}]]}]],"host":["list",["object",{"direct":["list",["object",{}]],"ssh":["list",["object",{"address":"string","connection_timeout":"string","password":"string","port":"number","private_key":"string","retry_interval":"string","retry_timeout":"string","user":"string"}]]}]],"name":"string"}]],"description_kind":"plain","computed":true,"sensitive":true},"state_yaml":{"type":"string","description_kind":"plain","optional":true,"computed":true,"sensitive":true}},"block_types":{"member":{"nesting_mode":"list","block":{"attributes":{"ca_certificate":{"type":"string","description_kind":"plain","optional":true},"image":{"type":"string","description_kind":"plain","optional":true},"initial_cluster":{"type":"string","description_kind":"plain","optional":true},"name":{"type":"string","description_kind":"plain","required":true},"peer_address":{"type":"string","description_kind":"plain","optional":true},"peer_cert_allowed_cn":{"type":"string","description_kind":"plain","optional":true},"peer_certificate":{"type":"string","description_kind":"plain","optional":true},"peer_key":{"type":"string","description_kind":"plain","optional":true,"computed":true,"sensitive":true},"server_address":{"type":"string","description_kind":"plain","required":true},"server_certificate":{"type":"string","description_kind":"plain","optional":true},"server_key":{"type":"string","description_kind":"plain","optional":true,"computed":true,"sensitive":true}},"block_types":{"host":{"nesting_mode":"list","block":{"block_types":{"direct":{"nesting_mode":"list","block":{"description_kind":"plain"},"max_items":1},"ssh":{"nesting_mode":"list","block":{"attributes":{"address":{"type":"string","description_kind":"plain","optional":true},"connection_timeout":{"type":"string","description_kind":"plain","optional":true},"password":{"type":"string","description_kind":"plain","optional":true,"sensitive":true},"port":{"type":"number","description_kind":"plain","optional":true},"private_key":{"type":"string","description_kind":"plain","optional":true,"sensitive":true},"retry_interval":{"type":"string","description_kind":"plain","optional":true},"retry_timeout":{"type":"string","description_kind":"plain","optional":true},"user":{"type":"string","description_kind":"plain","optional":true}},"description_kind":"plain"},"max_items":1}},"description_kind":"plain"},"max_items":1}},"description_kind":"plain"},"min_items":1},"ssh":{"nesting_mode":"list","block":{"attributes":{"address":{"type":"string","description_kind":"plain","optional":true},"connection_timeout":{"type":"string","description_kind":"plain","optional":true},"password":{"type":"string","description_kind":"plain","optional":true,"sensitive":true},"port":{"type":"number","description_kind":"plain","optional":true},"private_key":{"type":"string","description_kind":"plain","optional":true,"sensitive":true},"retry_interval":{"type":"string","description_kind":"plain","optional":true},"retry_timeout":{"type":"string","description_kind":"plain","optional":true},"user":{"type":"string","description_kind":"plain","optional":true}},"description_kind":"plain"},"max_items":1}},"description_kind":"plain"}},"flexkube_helm_release":{"version":0,"block":{"attributes":{"chart":{"type":"string","description_kind":"plain","required":true},"create_namespace":{"type":"bool","description_kind":"plain","optional":true},"id":{"type":"string","description_kind":"plain","optional":true,"computed":true},"kubeconfig":{"type":"string","description_kind":"plain","required":true,"sensitive":true},"name":{"type":"string","description_kind":"plain","required":true},"namespace":{"type":"string","description_kind":"plain","required":true},"values":{"type":"string","description_kind":"plain","optional":true,"sensitive":true},"version":{"type":"string","description_kind":"plain","optional":true},"wait":{"type":"bool","description_kind":"plain","optional":true}},"description_kind":"plain"}},"flexkube_kubelet_pool":{"version":0,"block":{"attributes":{"cgroup_driver":{"type":"string","description_kind":"plain","optional":true},"cluster_dns_ips":{"type":["list","string"],"description_kind":"plain","optional":true},"config_yaml":{"type":"string","description_kind":"plain","optional":true,"computed":true,"sensitive":true},"hairpin_mode":{"type":"string","description_kind":"plain","optional":true},"id":{"type":"string","description_kind":"plain","optional":true,"computed":true},"image":{"type":"string","description_kind":"plain","optional":true},"kube_reserved":{"type":["map","string"],"description_kind":"plain","optional":true},"kubernetes_ca_certificate":{"type":"string","description_kind":"plain","optional":true},"labels":{"type":["map","string"],"description_kind":"plain","optional":true},"network_plugin":{"type":"string","description_kind":"plain","optional":true},"pki_yaml":{"type":"string","description_kind":"plain","optional":true,"sensitive":true},"privileged_labels":{"type":["map","string"],"description_kind":"plain","optional":true},"state":{"type":["list",["object",{"config_files":["map","string"],"container":["list",["object",{"config":["list",["object",{"args":["list","string"],"entrypoint":["list","string"],"group":"string","image":"string","ipc_mode":"string","mount":["list",["object",{"propagation":"string","source":"string","target":"string"}]],"name":"string","network_mode":"string","pid_mode":"string","port":["list",["object",{"ip":"string","port":"number","protocol":"string"}]],"privileged":"bool","user":"string"}]],"runtime":["list",["object",{"docker":["list",["object",{"host":"string"}]]}]],"status":["list",["object",{"id":"string","status":"string"}]]}]],"host":["list",["object",{"direct":["list",["object",{}]],"ssh":["list",["object",{"address":"string","connection_timeout":"string","password":"string","port":"number","private_key":"string","retry_interval":"string","retry_timeout":"string","user":"string"}]]}]],"name":"string"}]],"description_kind":"plain","computed":true},"state_sensitive":{"type":["list",["object",{"config_files":["map","string"],"container":["list",["object",{"config":["list",["object",{"args":["list","string"],"entrypoint":["list","string"],"group":"string","image":"string","ipc_mode":"string","mount":["list",["object",{"propagation":"string","source":"string","target":"string"}]],"name":"string","network_mode":"string","pid_mode":"string","port":["list",["object",{"ip":"string","port":"number","protocol":"string"}]],"privileged":"bool","user":"string"}]],"runtime":["list",["object",{"docker":["list",["object",{"host":"string"}]]}]],"status":["list",["object",{"id":"string","status":"string"}]]}]],"host":["list",["object",{"direct":["list",["object",{}]],"ssh":["list",["object",{"address":"string","connection_timeout":"string","password":"string","port":"number","private_key":"string","retry_interval":"string","retry_timeout":"string","user":"string"}]]}]],"name":"string"}]],"description_kind":"plain","computed":true,"sensitive":true},"state_yaml":{"type":"string","description_kind":"plain","optional":true,"computed":true,"sensitive":true},"system_reserved":{"type":["map","string"],"description_kind":"plain","optional":true},"taints":{"type":["map","string"],"description_kind":"plain","optional":true},"volume_plugin_dir":{"type":"string","description_kind":"plain","optional":true},"wait_for_node_ready":{"type":"bool","description_kind":"plain","optional":true}},"block_types":{"admin_config":{"nesting_mode":"list","block":{"attributes":{"ca_certificate":{"type":"string","description_kind":"plain","optional":true},"client_certificate":{"type":"string","description_kind":"plain","optional":true},"client_key":{"type":"string","description_kind":"plain","optional":true,"sensitive":true},"server":{"type":"string","description_kind":"plain","optional":true},"token":{"type":"string","description_kind":"plain","optional":true,"sensitive":true}},"description_kind":"plain"},"max_items":1},"bootstrap_config":{"nesting_mode":"list","block":{"attributes":{"ca_certificate":{"type":"string","description_kind":"plain","optional":true},"client_certificate":{"type":"string","description_kind":"plain","optional":true},"client_key":{"type":"string","description_kind":"plain","optional":true,"sensitive":true},"server":{"type":"string","description_kind":"plain","optional":true},"token":{"type":"string","description_kind":"plain","optional":true,"sensitive":true}},"description_kind":"plain"},"max_items":1},"extra_mount":{"nesting_mode":"list","block":{"attributes":{"propagation":{"type":"string","description_kind":"plain","optional":true},"source":{"type":"string","description_kind":"plain","optional":true},"target":{"type":"string","description_kind":"plain","optional":true}},"description_kind":"plain"}},"kubelet":{"nesting_mode":"list","block":{"attributes":{"address":{"type":"string","description_kind":"plain","required":true},"cgroup_driver":{"type":"string","description_kind":"plain","optional":true},"cluster_dns_ips":{"type":["list","string"],"description_kind":"plain","optional":true},"hairpin_mode":{"type":"string","description_kind":"plain","optional":true},"image":{"type":"string","description_kind":"plain","optional":true},"kube_reserved":{"type":["map","string"],"description_kind":"plain","optional":true},"kubernetes_ca_certificate":{"type":"string","description_kind":"plain","optional":true},"labels":{"type":["map","string"],"description_kind":"plain","optional":true},"name":{"type":"string","description_kind":"plain","required":true},"network_plugin":{"type":"string","description_kind":"plain","optional":true},"pod_cidr":{"type":"string","description_kind":"plain","optional":true},"privileged_labels":{"type":["map","string"],"description_kind":"plain","optional":true},"system_reserved":{"type":["map","string"],"description_kind":"plain","optional":true},"taints":{"type":["map","string"],"description_kind":"plain","optional":true},"volume_plugin_dir":{"type":"string","description_kind":"plain","optional":true},"wait_for_node_ready":{"type":"bool","description_kind":"plain","optional":true}},"block_types":{"admin_config":{"nesting_mode":"list","block":{"attributes":{"ca_certificate":{"type":"string","description_kind":"plain","optional":true},"client_certificate":{"type":"string","description_kind":"plain","optional":true},"client_key":{"type":"string","description_kind":"plain","optional":true,"sensitive":true},"server":{"type":"string","description_kind":"plain","optional":true},"token":{"type":"string","description_kind":"plain","optional":true,"sensitive":true}},"description_kind":"plain"},"max_items":1},"bootstrap_config":{"nesting_mode":"list","block":{"attributes":{"ca_certificate":{"type":"string","description_kind":"plain","optional":true},"client_certificate":{"type":"string","description_kind":"plain","optional":true},"client_key":{"type":"string","description_kind":"plain","optional":true,"sensitive":true},"server":{"type":"string","description_kind":"plain","optional":true},"token":{"type":"string","description_kind":"plain","optional":true,"sensitive":true}},"description_kind":"plain"},"max_items":1},"extra_mount":{"nesting_mode":"list","block":{"attributes":{"propagation":{"type":"string","description_kind":"plain","optional":true},"source":{"type":"string","description_kind":"plain","optional":true},"target":{"type":"string","description_kind":"plain","optional":true}},"description_kind":"plain"}},"host":{"nesting_mode":"list","block":{"block_types":{"direct":{"nesting_mode":"list","block":{"description_kind":"plain"},"max_items":1},"ssh":{"nesting_mode":"list","block":{"attributes":{"address":{"type":"string","description_kind":"plain","optional":true},"connection_timeout":{"type":"string","description_kind":"plain","optional":true},"password":{"type":"string","description_kind":"plain","optional":true,"sensitive":true},"port":{"type":"number","description_kind":"plain","optional":true},"private_key":{"type":"string","description_kind":"plain","optional":true,"sensitive":true},"retry_interval":{"type":"string","description_kind":"plain","optional":true},"retry_timeout":{"type":"string","description_kind":"plain","optional":true},"user":{"type":"string","description_kind":"plain","optional":true}},"description_kind":"plain"},"max_items":1}},"description_kind":"plain"},"max_items":1}},"description_kind":"plain"},"min_items":1},"ssh":{"nesting_mode":"list","block":{"attributes":{"address":{"type":"string","description_kind":"plain","optional":true},"connection_timeout":{"type":"string","description_kind":"plain","optional":true},"password":{"type":"string","description_kind":"plain","optional":true,"sensitive":true},"port":{"type":"number","description_kind":"plain","optional":true},"private_key":{"type":"string","description_kind":"plain","optional":true,"sensitive":true},"retry_interval":{"type":"string","description_kind":"plain","optional":true},"retry_timeout":{"type":"string","description_kind":"plain","optional":true},"user":{"type":"string","description_kind":"plain","optional":true}},"description_kind":"plain"},"max_items":1}},"description_kind":"plain"}},"flexkube_pki":{"version":0,"block":{"attributes":{"id":{"type":"string","description_kind":"plain","optional":true,"computed":true},"state_yaml":{"type":"string","description_kind":"plain","optional":true,"computed":true,"sensitive":true}},"block_types":{"certificate":{"nesting_mode":"list","block":{"attributes":{"ca":{"type":"bool","description_kind":"plain","optional":true},"common_name":{"type":"string","description_kind":"plain","optional":true},"dns_names":{"type":["list","string"],"description_kind":"plain","optional":true},"ip_addresses":{"type":["list","string"],"description_kind":"plain","optional":true},"key_usage":{"type":["list","string"],"description_kind":"plain","optional":true},"organization":{"type":"string","description_kind":"plain","optional":true},"private_key":{"type":"string","description_kind":"plain","optional":true,"sensitive":true},"public_key":{"type":"string","description_kind":"plain","optional":true},"renew_threshold":{"type":"string","description_kind":"plain","optional":true},"rsa_bits":{"type":"number","description_kind":"plain","optional":true},"validity_duration":{"type":"string","description_kind":"plain","optional":true},"x509_certificate":{"type":"string","description_kind":"plain","optional":true}},"description_kind":"plain"},"max_items":1},"etcd":{"nesting_mode":"list","block":{"attributes":{"client_cns":{"type":["list","string"],"description_kind":"plain","optional":true,"computed":true},"peers":{"type":["map","string"],"description_kind":"plain","optional":true},"servers":{"type":["map","string"],"description_kind":"plain","optional":true}},"block_types":{"ca":{"nesting_mode":"list","block":{"attributes":{"ca":{"type":"bool","description_kind":"plain","optional":true,"computed":true},"common_name":{"type":"string","description_kind":"plain","optional":true,"computed":true},"dns_names":{"type":["list","string"],"description_kind":"plain","optional":true,"computed":true},"ip_addresses":{"type":["list","string"],"description_kind":"plain","optional":true,"computed":true},"key_usage":{"type":["list","string"],"description_kind":"plain","optional":true,"computed":true},"organization":{"type":"string","description_kind":"plain","optional":true,"computed":true},"private_key":{"type":"string","description_kind":"plain","optional":true,"computed":true,"sensitive":true},"public_key":{"type":"string","description_kind":"plain","optional":true,"computed":true},"renew_threshold":{"type":"string","description_kind":"plain","optional":true,"computed":true},"rsa_bits":{"type":"number","description_kind":"plain","optional":true,"computed":true},"validity_duration":{"type":"string","description_kind":"plain","optional":true,"computed":true},"x509_certificate":{"type":"string","description_kind":"plain","optional":true,"computed":true}},"description_kind":"plain"},"max_items":1},"certificate":{"nesting_mode":"list","block":{"attributes":{"ca":{"type":"bool","description_kind":"plain","optional":true,"computed":true},"common_name":{"type":"string","description_kind":"plain","optional":true,"computed":true},"dns_names":{"type":["list","string"],"description_kind":"plain","optional":true,"computed":true},"ip_addresses":{"type":["list","string"],"description_kind":"plain","optional":true,"computed":true},"key_usage":{"type":["list","string"],"description_kind":"plain","optional":true,"computed":true},"organization":{"type":"string","description_kind":"plain","optional":true,"computed":true},"private_key":{"type":"string","description_kind":"plain","optional":true,"computed":true,"sensitive":true},"public_key":{"type":"string","description_kind":"plain","optional":true,"computed":true},"renew_threshold":{"type":"string","description_kind":"plain","optional":true,"computed":true},"rsa_bits":{"type":"number","description_kind":"plain","optional":true,"computed":true},"validity_duration":{"type":"string","description_kind":"plain","optional":true,"computed":true},"x509_certificate":{"type":"string","description_kind":"plain","optional":true,"computed":true}},"description_kind":"plain"},"max_items":1},"client_certificates":{"nesting_mode":"list","block":{"attributes":{"ca":{"type":"bool","description_kind":"plain","optional":true,"computed":true},"common_name":{"type":"string","description_kind":"plain","optional":true,"computed":true},"dns_names":{"type":["list","string"],"description_kind":"plain","optional":true,"computed":true},"ip_addresses":{"type":["list","string"],"description_kind":"plain","optional":true,"computed":true},"key_usage":{"type":["list","string"],"description_kind":"plain","optional":true,"computed":true},"organization":{"type":"string","description_kind":"plain","optional":true,"computed":true},"private_key":{"type":"string","description_kind":"plain","optional":true,"computed":true,"sensitive":true},"public_key":{"type":"string","description_kind":"plain","optional":true,"computed":true},"renew_threshold":{"type":"string","description_kind":"plain","optional":true,"computed":true},"rsa_bits":{"type":"number","description_kind":"plain","optional":true,"computed":true},"validity_duration":{"type":"string","description_kind":"plain","optional":true,"computed":true},"x509_certificate":{"type":"string","description_kind":"plain","optional":true,"computed":true}},"description_kind":"plain"}},"peer_certificates":{"nesting_mode":"list","block":{"attributes":{"ca":{"type":"bool","description_kind":"plain","optional":true,"computed":true},"common_name":{"type":"string","description_kind":"plain","optional":true,"computed":true},"dns_names":{"type":["list","string"],"description_kind":"plain","optional":true,"computed":true},"ip_addresses":{"type":["list","string"],"description_kind":"plain","optional":true,"computed":true},"key_usage":{"type":["list","string"],"description_kind":"plain","optional":true,"computed":true},"organization":{"type":"string","description_kind":"plain","optional":true,"computed":true},"private_key":{"type":"string","description_kind":"plain","optional":true,"computed":true,"sensitive":true},"public_key":{"type":"string","description_kind":"plain","optional":true,"computed":true},"renew_threshold":{"type":"string","description_kind":"plain","optional":true,"computed":true},"rsa_bits":{"type":"number","description_kind":"plain","optional":true,"computed":true},"validity_duration":{"type":"string","description_kind":"plain","optional":true,"computed":true},"x509_certificate":{"type":"string","description_kind":"plain","optional":true,"computed":true}},"description_kind":"plain"}},"server_certificates":{"nesting_mode":"list","block":{"attributes":{"ca":{"type":"bool","description_kind":"plain","optional":true,"computed":true},"common_name":{"type":"string","description_kind":"plain","optional":true,"computed":true},"dns_names":{"type":["list","string"],"description_kind":"plain","optional":true,"computed":true},"ip_addresses":{"type":["list","string"],"description_kind":"plain","optional":true,"computed":true},"key_usage":{"type":["list","string"],"description_kind":"plain","optional":true,"computed":true},"organization":{"type":"string","description_kind":"plain","optional":true,"computed":true},"private_key":{"type":"string","description_kind":"plain","optional":true,"computed":true,"sensitive":true},"public_key":{"type":"string","description_kind":"plain","optional":true,"computed":true},"renew_threshold":{"type":"string","description_kind":"plain","optional":true,"computed":true},"rsa_bits":{"type":"number","description_kind":"plain","optional":true,"computed":true},"validity_duration":{"type":"string","description_kind":"plain","optional":true,"computed":true},"x509_certificate":{"type":"string","description_kind":"plain","optional":true,"computed":true}},"description_kind":"plain"}}},"description_kind":"plain"},"max_items":1},"kubernetes":{"nesting_mode":"list","block":{"block_types":{"admin_certificate":{"nesting_mode":"list","block":{"attributes":{"ca":{"type":"bool","description_kind":"plain","optional":true,"computed":true},"common_name":{"type":"string","description_kind":"plain","optional":true,"computed":true},"dns_names":{"type":["list","string"],"description_kind":"plain","optional":true,"computed":true},"ip_addresses":{"type":["list","string"],"description_kind":"plain","optional":true,"computed":true},"key_usage":{"type":["list","string"],"description_kind":"plain","optional":true,"computed":true},"organization":{"type":"string","description_kind":"plain","optional":true,"computed":true},"private_key":{"type":"string","description_kind":"plain","optional":true,"computed":true,"sensitive":true},"public_key":{"type":"string","description_kind":"plain","optional":true,"computed":true},"renew_threshold":{"type":"string","description_kind":"plain","optional":true,"computed":true},"rsa_bits":{"type":"number","description_kind":"plain","optional":true,"computed":true},"validity_duration":{"type":"string","description_kind":"plain","optional":true,"computed":true},"x509_certificate":{"type":"string","description_kind":"plain","optional":true,"computed":true}},"description_kind":"plain"},"max_items":1},"ca":{"nesting_mode":"list","block":{"attributes":{"ca":{"type":"bool","description_kind":"plain","optional":true,"computed":true},"common_name":{"type":"string","description_kind":"plain","optional":true,"computed":true},"dns_names":{"type":["list","string"],"description_kind":"plain","optional":true,"computed":true},"ip_addresses":{"type":["list","string"],"description_kind":"plain","optional":true,"computed":true},"key_usage":{"type":["list","string"],"description_kind":"plain","optional":true,"computed":true},"organization":{"type":"string","description_kind":"plain","optional":true,"computed":true},"private_key":{"type":"string","description_kind":"plain","optional":true,"computed":true,"sensitive":true},"public_key":{"type":"string","description_kind":"plain","optional":true,"computed":true},"renew_threshold":{"type":"string","description_kind":"plain","optional":true,"computed":true},"rsa_bits":{"type":"number","description_kind":"plain","optional":true,"computed":true},"validity_duration":{"type":"string","description_kind":"plain","optional":true,"computed":true},"x509_certificate":{"type":"string","description_kind":"plain","optional":true,"computed":true}},"description_kind":"plain"},"max_items":1},"certificate":{"nesting_mode":"list","block":{"attributes":{"ca":{"type":"bool","description_kind":"plain","optional":true,"computed":true},"common_name":{"type":"string","description_kind":"plain","optional":true,"computed":true},"dns_names":{"type":["list","string"],"description_kind":"plain","optional":true,"computed":true},"ip_addresses":{"type":["list","string"],"description_kind":"plain","optional":true,"computed":true},"key_usage":{"type":["list","string"],"description_kind":"plain","optional":true,"computed":true},"organization":{"type":"string","description_kind":"plain","optional":true,"computed":true},"private_key":{"type":"string","description_kind":"plain","optional":true,"computed":true,"sensitive":true},"public_key":{"type":"string","description_kind":"plain","optional":true,"computed":true},"renew_threshold":{"type":"string","description_kind":"plain","optional":true,"computed":true},"rsa_bits":{"type":"number","description_kind":"plain","optional":true,"computed":true},"validity_duration":{"type":"string","description_kind":"plain","optional":true,"computed":true},"x509_certificate":{"type":"string","description_kind":"plain","optional":true,"computed":true}},"description_kind":"plain"},"max_items":1},"front_proxy_ca":{"nesting_mode":"list","block":{"attributes":{"ca":{"type":"bool","description_kind":"plain","optional":true,"computed":true},"common_name":{"type":"string","description_kind":"plain","optional":true,"computed":true},"dns_names":{"type":["list","string"],"description_kind":"plain","optional":true,"computed":true},"ip_addresses":{"type":["list","string"],"description_kind":"plain","optional":true,"computed":true},"key_usage":{"type":["list","string"],"description_kind":"plain","optional":true,"computed":true},"organization":{"type":"string","description_kind":"plain","optional":true,"computed":true},"private_key":{"type":"string","description_kind":"plain","optional":true,"computed":true,"sensitive":true},"public_key":{"type":"string","description_kind":"plain","optional":true,"computed":true},"renew_threshold":{"type":"string","description_kind":"plain","optional":true,"computed":true},"rsa_bits":{"type":"number","description_kind":"plain","optional":true,"computed":true},"validity_duration":{"type":"string","description_kind":"plain","optional":true,"computed":true},"x509_certificate":{"type":"string","description_kind":"plain","optional":true,"computed":true}},"description_kind":"plain"},"max_items":1},"kube_api_server":{"nesting_mode":"list","block":{"attributes":{"external_names":{"type":["list","string"],"description_kind":"plain","optional":true,"computed":true},"server_ips":{"type":["list","string"],"description_kind":"plain","optional":true,"computed":true}},"block_types":{"certificate":{"nesting_mode":"list","block":{"attributes":{"ca":{"type":"bool","description_kind":"plain","optional":true,"computed":true},"common_name":{"type":"string","description_kind":"plain","optional":true,"computed":true},"dns_names":{"type":["list","string"],"description_kind":"plain","optional":true,"computed":true},"ip_addresses":{"type":["list","string"],"description_kind":"plain","optional":true,"computed":true},"key_usage":{"type":["list","string"],"description_kind":"plain","optional":true,"computed":true},"organization":{"type":"string","description_kind":"plain","optional":true,"computed":true},"private_key":{"type":"string","description_kind":"plain","optional":true,"computed":true,"sensitive":true},"public_key":{"type":"string","description_kind":"plain","optional":true,"computed":true},"renew_threshold":{"type":"string","description_kind":"plain","optional":true,"computed":true},"rsa_bits":{"type":"number","description_kind":"plain","optional":true,"computed":true},"validity_duration":{"type":"string","description_kind":"plain","optional":true,"computed":true},"x509_certificate":{"type":"string","description_kind":"plain","optional":true,"computed":true}},"description_kind":"plain"},"max_items":1},"front_proxy_client_certificate":{"nesting_mode":"list","block":{"attributes":{"ca":{"type":"bool","description_kind":"plain","optional":true,"computed":true},"common_name":{"type":"string","description_kind":"plain","optional":true,"computed":true},"dns_names":{"type":["list","string"],"description_kind":"plain","optional":true,"computed":true},"ip_addresses":{"type":["list","string"],"description_kind":"plain","optional":true,"computed":true},"key_usage":{"type":["list","string"],"description_kind":"plain","optional":true,"computed":true},"organization":{"type":"string","description_kind":"plain","optional":true,"computed":true},"private_key":{"type":"string","description_kind":"plain","optional":true,"computed":true,"sensitive":true},"public_key":{"type":"string","description_kind":"plain","optional":true,"computed":true},"renew_threshold":{"type":"string","description_kind":"plain","optional":true,"computed":true},"rsa_bits":{"type":"number","description_kind":"plain","optional":true,"computed":true},"validity_duration":{"type":"string","description_kind":"plain","optional":true,"computed":true},"x509_certificate":{"type":"string","description_kind":"plain","optional":true,"computed":true}},"description_kind":"plain"},"max_items":1},"kubelet_certificate":{"nesting_mode":"list","block":{"attributes":{"ca":{"type":"bool","description_kind":"plain","optional":true,"computed":true},"common_name":{"type":"string","description_kind":"plain","optional":true,"computed":true},"dns_names":{"type":["list","string"],"description_kind":"plain","optional":true,"computed":true},"ip_addresses":{"type":["list","string"],"description_kind":"plain","optional":true,"computed":true},"key_usage":{"type":["list","string"],"description_kind":"plain","optional":true,"computed":true},"organization":{"type":"string","description_kind":"plain","optional":true,"computed":true},"private_key":{"type":"string","description_kind":"plain","optional":true,"computed":true,"sensitive":true},"public_key":{"type":"string","description_kind":"plain","optional":true,"computed":true},"renew_threshold":{"type":"string","description_kind":"plain","optional":true,"computed":true},"rsa_bits":{"type":"number","description_kind":"plain","optional":true,"computed":true},"validity_duration":{"type":"string","description_kind":"plain","optional":true,"computed":true},"x509_certificate":{"type":"string","description_kind":"plain","optional":true,"computed":true}},"description_kind":"plain"},"max_items":1},"server_certificate":{"nesting_mode":"list","block":{"attributes":{"ca":{"type":"bool","description_kind":"plain","optional":true,"computed":true},"common_name":{"type":"string","description_kind":"plain","optional":true,"computed":true},"dns_names":{"type":["list","string"],"description_kind":"plain","optional":true,"computed":true},"ip_addresses":{"type":["list","string"],"description_kind":"plain","optional":true,"computed":true},"key_usage":{"type":["list","string"],"description_kind":"plain","optional":true,"computed":true},"organization":{"type":"string","description_kind":"plain","optional":true,"computed":true},"private_key":{"type":"string","description_kind":"plain","optional":true,"computed":true,"sensitive":true},"public_key":{"type":"string","description_kind":"plain","optional":true,"computed":true},"renew_threshold":{"type":"string","description_kind":"plain","optional":true,"computed":true},"rsa_bits":{"type":"number","description_kind":"plain","optional":true,"computed":true},"validity_duration":{"type":"string","description_kind":"plain","optional":true,"computed":true},"x509_certificate":{"type":"string","description_kind":"plain","optional":true,"computed":true}},"description_kind":"plain"},"max_items":1}},"description_kind":"plain"},"max_items":1},"kube_controller_manager_certificate":{"nesting_mode":"list","block":{"attributes":{"ca":{"type":"bool","description_kind":"plain","optional":true,"computed":true},"common_name":{"type":"string","description_kind":"plain","optional":true,"computed":true},"dns_names":{"type":["list","string"],"description_kind":"plain","optional":true,"computed":true},"ip_addresses":{"type":["list","string"],"description_kind":"plain","optional":true,"computed":true},"key_usage":{"type":["list","string"],"description_kind":"plain","optional":true,"computed":true},"organization":{"type":"string","description_kind":"plain","optional":true,"computed":true},"private_key":{"type":"string","description_kind":"plain","optional":true,"computed":true,"sensitive":true},"public_key":{"type":"string","description_kind":"plain","optional":true,"computed":true},"renew_threshold":{"type":"string","description_kind":"plain","optional":true,"computed":true},"rsa_bits":{"type":"number","description_kind":"plain","optional":true,"computed":true},"validity_duration":{"type":"string","description_kind":"plain","optional":true,"computed":true},"x509_certificate":{"type":"string","description_kind":"plain","optional":true,"computed":true}},"description_kind":"plain"},"max_items":1},"kube_scheduler_certificate":{"nesting_mode":"list","block":{"attributes":{"ca":{"type":"bool","description_kind":"plain","optional":true,"computed":true},"common_name":{"type":"string","description_kind":"plain","optional":true,"computed":true},"dns_names":{"type":["list","string"],"description_kind":"plain","optional":true,"computed":true},"ip_addresses":{"type":["list","string"],"description_kind":"plain","optional":true,"computed":true},"key_usage":{"type":["list","string"],"description_kind":"plain","optional":true,"computed":true},"organization":{"type":"string","description_kind":"plain","optional":true,"computed":true},"private_key":{"type":"string","description_kind":"plain","optional":true,"computed":true,"sensitive":true},"public_key":{"type":"string","description_kind":"plain","optional":true,"computed":true},"renew_threshold":{"type":"string","description_kind":"plain","optional":true,"computed":true},"rsa_bits":{"type":"number","description_kind":"plain","optional":true,"computed":true},"validity_duration":{"type":"string","description_kind":"plain","optional":true,"computed":true},"x509_certificate":{"type":"string","description_kind":"plain","optional":true,"computed":true}},"description_kind":"plain"},"max_items":1},"service_account_certificate":{"nesting_mode":"list","block":{"attributes":{"ca":{"type":"bool","description_kind":"plain","optional":true,"computed":true},"common_name":{"type":"string","description_kind":"plain","optional":true,"computed":true},"dns_names":{"type":["list","string"],"description_kind":"plain","optional":true,"computed":true},"ip_addresses":{"type":["list","string"],"description_kind":"plain","optional":true,"computed":true},"key_usage":{"type":["list","string"],"description_kind":"plain","optional":true,"computed":true},"organization":{"type":"string","description_kind":"plain","optional":true,"computed":true},"private_key":{"type":"string","description_kind":"plain","optional":true,"computed":true,"sensitive":true},"public_key":{"type":"string","description_kind":"plain","optional":true,"computed":true},"renew_threshold":{"type":"string","description_kind":"plain","optional":true,"computed":true},"rsa_bits":{"type":"number","description_kind":"plain","optional":true,"computed":true},"validity_duration":{"type":"string","description_kind":"plain","optional":true,"computed":true},"x509_certificate":{"type":"string","description_kind":"plain","optional":true,"computed":true}},"description_kind":"plain"},"max_items":1}},"description_kind":"plain"},"max_items":1},"root_ca":{"nesting_mode":"list","block":{"attributes":{"ca":{"type":"bool","description_kind":"plain","optional":true,"computed":true},"common_name":{"type":"string","description_kind":"plain","optional":true,"computed":true},"dns_names":{"type":["list","string"],"description_kind":"plain","optional":true,"computed":true},"ip_addresses":{"type":["list","string"],"description_kind":"plain","optional":true,"computed":true},"key_usage":{"type":["list","string"],"description_kind":"plain","optional":true,"computed":true},"organization":{"type":"string","description_kind":"plain","optional":true,"computed":true},"private_key":{"type":"string","description_kind":"plain","optional":true,"computed":true,"sensitive":true},"public_key":{"type":"string","description_kind":"plain","optional":true,"computed":true},"renew_threshold":{"type":"string","description_kind":"plain","optional":true,"computed":true},"rsa_bits":{"type":"number","description_kind":"plain","optional":true,"computed":true},"validity_duration":{"type":"string","description_kind":"plain","optional":true,"computed":true},"x509_certificate":{"type":"string","description_kind":"plain","optional":true,"computed":true}},"description_kind":"plain"},"max_items":1}},"description_kind":"plain"}}}}}}
