{"format_version":"0.1","provider_schemas":{"registry.terraform.io/unicell/kind":{"provider":{"version":0,"block":{"description_kind":"plain"}},"resource_schemas":{"kind_cluster":{"version":0,"block":{"attributes":{"client_certificate":{"type":"string","description":"Client certificate for authenticating to cluster.","description_kind":"plain","computed":true},"client_key":{"type":"string","description":"Client key for authenticating to cluster.","description_kind":"plain","computed":true},"cluster_ca_certificate":{"type":"string","description":"Client verifies the server certificate with this CA cert.","description_kind":"plain","computed":true},"endpoint":{"type":"string","description":"Kubernetes APIServer endpoint.","description_kind":"plain","computed":true},"id":{"type":"string","description_kind":"plain","optional":true,"computed":true},"kind_config":{"type":"string","description":"The kind_config that kind will use.","description_kind":"plain","optional":true},"kubeconfig":{"type":"string","description":"Kubeconfig set after the the cluster is created.","description_kind":"plain","computed":true},"kubeconfig_path":{"type":"string","description":"Kubeconfig path set after the the cluster is created.","description_kind":"plain","computed":true},"name":{"type":"string","description":"The kind name that is given to the created cluster.","description_kind":"plain","required":true},"node_image":{"type":"string","description":"The node_image that kind will use (ex: kindest/node:v1.15.3).","description_kind":"plain","optional":true,"computed":true},"wait_for_ready":{"type":"bool","description":"Defines wether or not the provider will wait for the control plane to be ready. Defaults to false","description_kind":"plain","optional":true}},"block_types":{"timeouts":{"nesting_mode":"single","block":{"attributes":{"create":{"type":"string","description_kind":"plain","optional":true},"delete":{"type":"string","description_kind":"plain","optional":true},"update":{"type":"string","description_kind":"plain","optional":true}},"description_kind":"plain"}}},"description_kind":"plain"}}}}}}
