{"format_version":"0.1","provider_schemas":{"registry.terraform.io/akamai/akamai":{"provider":{"version":0,"block":{"attributes":{"config_section":{"type":"string","description":"The section of the edgerc file to use for configuration","description_kind":"plain","optional":true},"dns_section":{"type":"string","description_kind":"plain","deprecated":true,"optional":true},"edgerc":{"type":"string","description_kind":"plain","optional":true},"gtm_section":{"type":"string","description_kind":"plain","deprecated":true,"optional":true},"papi_section":{"type":"string","description_kind":"plain","deprecated":true,"optional":true},"property_section":{"type":"string","description_kind":"plain","deprecated":true,"optional":true}},"block_types":{"dns":{"nesting_mode":"set","block":{"attributes":{"access_token":{"type":"string","description_kind":"plain","optional":true},"client_secret":{"type":"string","description_kind":"plain","optional":true},"client_token":{"type":"string","description_kind":"plain","optional":true},"host":{"type":"string","description_kind":"plain","optional":true},"max_body":{"type":"number","description_kind":"plain","optional":true}},"description_kind":"plain"}},"gtm":{"nesting_mode":"set","block":{"attributes":{"access_token":{"type":"string","description_kind":"plain","optional":true},"client_secret":{"type":"string","description_kind":"plain","optional":true},"client_token":{"type":"string","description_kind":"plain","optional":true},"host":{"type":"string","description_kind":"plain","optional":true},"max_body":{"type":"number","description_kind":"plain","optional":true}},"description_kind":"plain"}},"property":{"nesting_mode":"set","block":{"attributes":{"access_token":{"type":"string","description_kind":"plain","optional":true},"client_secret":{"type":"string","description_kind":"plain","optional":true},"client_token":{"type":"string","description_kind":"plain","optional":true},"host":{"type":"string","description_kind":"plain","optional":true},"max_body":{"type":"number","description_kind":"plain","optional":true}},"description_kind":"plain"}}},"description_kind":"plain"}},"resource_schemas":{"akamai_cp_code":{"version":0,"block":{"attributes":{"contract":{"type":"string","description_kind":"plain","required":true},"group":{"type":"string","description_kind":"plain","required":true},"id":{"type":"string","description_kind":"plain","optional":true,"computed":true},"name":{"type":"string","description_kind":"plain","required":true},"product":{"type":"string","description_kind":"plain","required":true}},"description_kind":"plain"}},"akamai_dns_record":{"version":0,"block":{"attributes":{"active":{"type":"bool","description_kind":"plain","optional":true},"algorithm":{"type":"number","description_kind":"plain","optional":true},"answer_type":{"type":"string","description_kind":"plain","computed":true},"certificate":{"type":"string","description_kind":"plain","optional":true},"digest":{"type":"string","description_kind":"plain","optional":true},"digest_type":{"type":"number","description_kind":"plain","optional":true},"dns_name":{"type":"string","description_kind":"plain","computed":true},"email_address":{"type":"string","description_kind":"plain","optional":true},"expiration":{"type":"string","description_kind":"plain","optional":true},"expiry":{"type":"number","description_kind":"plain","optional":true},"fingerprint":{"type":"string","description_kind":"plain","optional":true},"fingerprint_type":{"type":"number","description_kind":"plain","optional":true},"flags":{"type":"number","description_kind":"plain","optional":true},"flagsnaptr":{"type":"string","description_kind":"plain","optional":true},"hardware":{"type":"string","description_kind":"plain","optional":true},"id":{"type":"string","description_kind":"plain","optional":true,"computed":true},"inception":{"type":"string","description_kind":"plain","optional":true},"iterations":{"type":"number","description_kind":"plain","optional":true},"key":{"type":"string","description_kind":"plain","optional":true},"keytag":{"type":"number","description_kind":"plain","optional":true},"labels":{"type":"number","description_kind":"plain","optional":true},"mailbox":{"type":"string","description_kind":"plain","optional":true},"match_type":{"type":"number","description_kind":"plain","optional":true},"name":{"type":"string","description_kind":"plain","required":true},"name_server":{"type":"string","description_kind":"plain","optional":true},"next_hashed_owner_name":{"type":"string","description_kind":"plain","optional":true},"nxdomain_ttl":{"type":"number","description_kind":"plain","optional":true},"order":{"type":"number","description_kind":"plain","optional":true},"original_ttl":{"type":"number","description_kind":"plain","optional":true},"port":{"type":"number","description_kind":"plain","optional":true},"preference":{"type":"number","description_kind":"plain","optional":true},"priority":{"type":"number","description_kind":"plain","optional":true},"priority_increment":{"type":"number","description_kind":"plain","optional":true},"protocol":{"type":"number","description_kind":"plain","optional":true},"record_sha":{"type":"string","description_kind":"plain","computed":true},"recordtype":{"type":"string","description_kind":"plain","required":true},"refresh":{"type":"number","description_kind":"plain","optional":true},"regexp":{"type":"string","description_kind":"plain","optional":true},"replacement":{"type":"string","description_kind":"plain","optional":true},"retry":{"type":"number","description_kind":"plain","optional":true},"salt":{"type":"string","description_kind":"plain","optional":true},"selector":{"type":"number","description_kind":"plain","optional":true},"serial":{"type":"number","description_kind":"plain","computed":true},"service":{"type":"string","description_kind":"plain","optional":true},"signature":{"type":"string","description_kind":"plain","optional":true},"signer":{"type":"string","description_kind":"plain","optional":true},"software":{"type":"string","description_kind":"plain","optional":true},"subtype":{"type":"number","description_kind":"plain","optional":true},"target":{"type":["list","string"],"description_kind":"plain","optional":true},"ttl":{"type":"number","description_kind":"plain","required":true},"txt":{"type":"string","description_kind":"plain","optional":true},"type_bitmaps":{"type":"string","description_kind":"plain","optional":true},"type_covered":{"type":"string","description_kind":"plain","optional":true},"type_mnemonic":{"type":"string","description_kind":"plain","optional":true},"type_value":{"type":"number","description_kind":"plain","optional":true},"usage":{"type":"number","description_kind":"plain","optional":true},"weight":{"type":"number","description_kind":"plain","optional":true},"zone":{"type":"string","description_kind":"plain","required":true}},"description_kind":"plain"}},"akamai_dns_zone":{"version":0,"block":{"attributes":{"activation_state":{"type":"string","description_kind":"plain","computed":true},"alias_count":{"type":"number","description_kind":"plain","computed":true},"comment":{"type":"string","description_kind":"plain","optional":true},"contract":{"type":"string","description_kind":"plain","required":true},"end_customer_id":{"type":"string","description_kind":"plain","optional":true},"group":{"type":"string","description_kind":"plain","required":true},"id":{"type":"string","description_kind":"plain","optional":true,"computed":true},"masters":{"type":["set","string"],"description_kind":"plain","optional":true},"sign_and_serve":{"type":"bool","description_kind":"plain","optional":true},"sign_and_serve_algorithm":{"type":"string","description_kind":"plain","optional":true},"target":{"type":"string","description_kind":"plain","optional":true},"type":{"type":"string","description_kind":"plain","required":true},"version_id":{"type":"string","description_kind":"plain","computed":true},"zone":{"type":"string","description_kind":"plain","required":true}},"block_types":{"tsig_key":{"nesting_mode":"list","block":{"attributes":{"algorithm":{"type":"string","description_kind":"plain","required":true},"name":{"type":"string","description_kind":"plain","required":true},"secret":{"type":"string","description_kind":"plain","required":true}},"description_kind":"plain"},"max_items":1}},"description_kind":"plain"}},"akamai_edge_hostname":{"version":0,"block":{"attributes":{"certificate":{"type":"number","description_kind":"plain","optional":true},"contract":{"type":"string","description_kind":"plain","required":true},"edge_hostname":{"type":"string","description_kind":"plain","required":true},"group":{"type":"string","description_kind":"plain","required":true},"id":{"type":"string","description_kind":"plain","optional":true,"computed":true},"ip_behavior":{"type":"string","description_kind":"plain","computed":true},"ipv4":{"type":"bool","description_kind":"plain","optional":true},"ipv6":{"type":"bool","description_kind":"plain","optional":true},"product":{"type":"string","description_kind":"plain","required":true}},"description_kind":"plain"}},"akamai_gtm_asmap":{"version":0,"block":{"attributes":{"default_datacenter":{"type":["list",["object",{"datacenter_id":"number","nickname":"string"}]],"description_kind":"plain","required":true},"domain":{"type":"string","description_kind":"plain","required":true},"id":{"type":"string","description_kind":"plain","optional":true,"computed":true},"name":{"type":"string","description_kind":"plain","required":true},"wait_on_complete":{"type":"bool","description_kind":"plain","optional":true}},"block_types":{"assignment":{"nesting_mode":"list","block":{"attributes":{"as_numbers":{"type":["list","number"],"description_kind":"plain","required":true},"datacenter_id":{"type":"number","description_kind":"plain","required":true},"nickname":{"type":"string","description_kind":"plain","required":true}},"description_kind":"plain"}}},"description_kind":"plain"}},"akamai_gtm_cidrmap":{"version":0,"block":{"attributes":{"domain":{"type":"string","description_kind":"plain","required":true},"id":{"type":"string","description_kind":"plain","optional":true,"computed":true},"name":{"type":"string","description_kind":"plain","required":true},"wait_on_complete":{"type":"bool","description_kind":"plain","optional":true}},"block_types":{"assignment":{"nesting_mode":"list","block":{"attributes":{"blocks":{"type":["list","string"],"description_kind":"plain","optional":true},"datacenter_id":{"type":"number","description_kind":"plain","required":true},"nickname":{"type":"string","description_kind":"plain","required":true}},"description_kind":"plain"}},"default_datacenter":{"nesting_mode":"list","block":{"attributes":{"datacenter_id":{"type":"number","description_kind":"plain","required":true},"nickname":{"type":"string","description_kind":"plain","optional":true}},"description_kind":"plain"},"min_items":1,"max_items":1}},"description_kind":"plain"}},"akamai_gtm_datacenter":{"version":0,"block":{"attributes":{"city":{"type":"string","description_kind":"plain","optional":true},"clone_of":{"type":"number","description_kind":"plain","optional":true},"cloud_server_host_header_override":{"type":"bool","description_kind":"plain","optional":true},"cloud_server_targeting":{"type":"bool","description_kind":"plain","optional":true},"continent":{"type":"string","description_kind":"plain","optional":true},"country":{"type":"string","description_kind":"plain","optional":true},"datacenter_id":{"type":"number","description_kind":"plain","computed":true},"domain":{"type":"string","description_kind":"plain","required":true},"id":{"type":"string","description_kind":"plain","optional":true,"computed":true},"latitude":{"type":"number","description_kind":"plain","optional":true},"longitude":{"type":"number","description_kind":"plain","optional":true},"nickname":{"type":"string","description_kind":"plain","optional":true},"ping_interval":{"type":"number","description_kind":"plain","computed":true},"ping_packet_size":{"type":"number","description_kind":"plain","computed":true},"score_penalty":{"type":"number","description_kind":"plain","computed":true},"servermonitor_liveness_count":{"type":"number","description_kind":"plain","computed":true},"servermonitor_load_count":{"type":"number","description_kind":"plain","computed":true},"servermonitor_pool":{"type":"string","description_kind":"plain","computed":true},"state_or_province":{"type":"string","description_kind":"plain","optional":true},"virtual":{"type":"bool","description_kind":"plain","computed":true},"wait_on_complete":{"type":"bool","description_kind":"plain","optional":true}},"block_types":{"default_load_object":{"nesting_mode":"list","block":{"attributes":{"load_object":{"type":"string","description_kind":"plain","optional":true},"load_object_port":{"type":"number","description_kind":"plain","optional":true},"load_servers":{"type":["list","string"],"description_kind":"plain","optional":true}},"description_kind":"plain"},"max_items":1}},"description_kind":"plain"}},"akamai_gtm_domain":{"version":0,"block":{"attributes":{"cname_coalescing_enabled":{"type":"bool","description_kind":"plain","optional":true},"comment":{"type":"string","description_kind":"plain","optional":true},"contract":{"type":"string","description_kind":"plain","optional":true},"default_error_penalty":{"type":"number","description_kind":"plain","optional":true},"default_health_max":{"type":"number","description_kind":"plain","computed":true},"default_health_multiplier":{"type":"number","description_kind":"plain","computed":true},"default_health_threshold":{"type":"number","description_kind":"plain","computed":true},"default_max_unreachable_penalty":{"type":"number","description_kind":"plain","computed":true},"default_ssl_client_certificate":{"type":"string","description_kind":"plain","optional":true},"default_ssl_client_private_key":{"type":"string","description_kind":"plain","optional":true},"default_timeout_penalty":{"type":"number","description_kind":"plain","optional":true},"default_unreachable_threshold":{"type":"number","description_kind":"plain","computed":true},"email_notification_list":{"type":["list","string"],"description_kind":"plain","optional":true},"end_user_mapping_enabled":{"type":"bool","description_kind":"plain","optional":true},"group":{"type":"string","description_kind":"plain","optional":true},"id":{"type":"string","description_kind":"plain","optional":true,"computed":true},"load_feedback":{"type":"bool","description_kind":"plain","optional":true},"load_imbalance_percentage":{"type":"number","description_kind":"plain","optional":true},"map_update_interval":{"type":"number","description_kind":"plain","computed":true},"max_properties":{"type":"number","description_kind":"plain","computed":true},"max_resources":{"type":"number","description_kind":"plain","computed":true},"max_test_timeout":{"type":"number","description_kind":"plain","computed":true},"max_ttl":{"type":"number","description_kind":"plain","computed":true},"min_pingable_region_fraction":{"type":"number","description_kind":"plain","computed":true},"min_test_interval":{"type":"number","description_kind":"plain","computed":true},"min_ttl":{"type":"number","description_kind":"plain","computed":true},"name":{"type":"string","description_kind":"plain","required":true},"ping_interval":{"type":"number","description_kind":"plain","computed":true},"ping_packet_size":{"type":"number","description_kind":"plain","computed":true},"round_robin_prefix":{"type":"string","description_kind":"plain","computed":true},"servermonitor_liveness_count":{"type":"number","description_kind":"plain","computed":true},"servermonitor_load_count":{"type":"number","description_kind":"plain","computed":true},"servermonitor_pool":{"type":"string","description_kind":"plain","computed":true},"type":{"type":"string","description_kind":"plain","required":true},"wait_on_complete":{"type":"bool","description_kind":"plain","optional":true}},"description_kind":"plain"}},"akamai_gtm_geomap":{"version":0,"block":{"attributes":{"default_datacenter":{"type":["list",["object",{"datacenter_id":"number","nickname":"string"}]],"description_kind":"plain","required":true},"domain":{"type":"string","description_kind":"plain","required":true},"id":{"type":"string","description_kind":"plain","optional":true,"computed":true},"name":{"type":"string","description_kind":"plain","required":true},"wait_on_complete":{"type":"bool","description_kind":"plain","optional":true}},"block_types":{"assignment":{"nesting_mode":"list","block":{"attributes":{"countries":{"type":["list","string"],"description_kind":"plain","optional":true},"datacenter_id":{"type":"number","description_kind":"plain","required":true},"nickname":{"type":"string","description_kind":"plain","required":true}},"description_kind":"plain"}}},"description_kind":"plain"}},"akamai_gtm_property":{"version":0,"block":{"attributes":{"backup_cname":{"type":"string","description_kind":"plain","optional":true},"backup_ip":{"type":"string","description_kind":"plain","optional":true},"balance_by_download_score":{"type":"bool","description_kind":"plain","optional":true},"cname":{"type":"string","description_kind":"plain","optional":true},"comments":{"type":"string","description_kind":"plain","optional":true},"domain":{"type":"string","description_kind":"plain","required":true},"dynamic_ttl":{"type":"number","description_kind":"plain","optional":true},"failback_delay":{"type":"number","description_kind":"plain","optional":true},"failover_delay":{"type":"number","description_kind":"plain","optional":true},"ghost_demand_reporting":{"type":"bool","description_kind":"plain","optional":true},"handout_limit":{"type":"number","description_kind":"plain","required":true},"handout_mode":{"type":"string","description_kind":"plain","required":true},"health_max":{"type":"number","description_kind":"plain","optional":true},"health_multiplier":{"type":"number","description_kind":"plain","optional":true},"health_threshold":{"type":"number","description_kind":"plain","optional":true},"id":{"type":"string","description_kind":"plain","optional":true,"computed":true},"ipv6":{"type":"bool","description_kind":"plain","optional":true},"load_imbalance_percentage":{"type":"number","description_kind":"plain","optional":true},"map_name":{"type":"string","description_kind":"plain","optional":true},"max_unreachable_penalty":{"type":"number","description_kind":"plain","optional":true},"min_live_fraction":{"type":"number","description_kind":"plain","optional":true},"name":{"type":"string","description_kind":"plain","required":true},"score_aggregation_type":{"type":"string","description_kind":"plain","required":true},"static_ttl":{"type":"number","description_kind":"plain","optional":true},"stickiness_bonus_constant":{"type":"number","description_kind":"plain","optional":true},"stickiness_bonus_percentage":{"type":"number","description_kind":"plain","optional":true},"type":{"type":"string","description_kind":"plain","required":true},"unreachable_threshold":{"type":"number","description_kind":"plain","optional":true},"use_computed_targets":{"type":"bool","description_kind":"plain","optional":true},"wait_on_complete":{"type":"bool","description_kind":"plain","optional":true},"weighted_hash_bits_for_ipv4":{"type":"number","description_kind":"plain","computed":true},"weighted_hash_bits_for_ipv6":{"type":"number","description_kind":"plain","computed":true}},"block_types":{"liveness_test":{"nesting_mode":"list","block":{"attributes":{"answers_required":{"type":"bool","description_kind":"plain","optional":true},"disable_nonstandard_port_warning":{"type":"bool","description_kind":"plain","optional":true},"disabled":{"type":"bool","description_kind":"plain","optional":true},"error_penalty":{"type":"number","description_kind":"plain","optional":true},"http_error3xx":{"type":"bool","description_kind":"plain","optional":true},"http_error4xx":{"type":"bool","description_kind":"plain","optional":true},"http_error5xx":{"type":"bool","description_kind":"plain","optional":true},"name":{"type":"string","description_kind":"plain","required":true},"peer_certificate_verification":{"type":"bool","description_kind":"plain","optional":true},"recursion_requested":{"type":"bool","description_kind":"plain","optional":true},"request_string":{"type":"string","description_kind":"plain","optional":true},"resource_type":{"type":"string","description_kind":"plain","optional":true},"response_string":{"type":"string","description_kind":"plain","optional":true},"ssl_client_certificate":{"type":"string","description_kind":"plain","optional":true},"ssl_client_private_key":{"type":"string","description_kind":"plain","optional":true},"test_interval":{"type":"number","description_kind":"plain","required":true},"test_object":{"type":"string","description_kind":"plain","required":true},"test_object_password":{"type":"string","description_kind":"plain","optional":true},"test_object_port":{"type":"number","description_kind":"plain","optional":true},"test_object_protocol":{"type":"string","description_kind":"plain","required":true},"test_object_username":{"type":"string","description_kind":"plain","optional":true},"test_timeout":{"type":"number","description_kind":"plain","required":true},"timeout_penalty":{"type":"number","description_kind":"plain","optional":true}},"block_types":{"http_header":{"nesting_mode":"list","block":{"attributes":{"name":{"type":"string","description_kind":"plain","optional":true},"value":{"type":"string","description_kind":"plain","optional":true}},"description_kind":"plain"}}},"description_kind":"plain"}},"static_rr_set":{"nesting_mode":"list","block":{"attributes":{"rdata":{"type":["list","string"],"description_kind":"plain","optional":true},"ttl":{"type":"number","description_kind":"plain","optional":true},"type":{"type":"string","description_kind":"plain","optional":true}},"description_kind":"plain"}},"traffic_target":{"nesting_mode":"list","block":{"attributes":{"datacenter_id":{"type":"number","description_kind":"plain","optional":true},"enabled":{"type":"bool","description_kind":"plain","optional":true},"handout_cname":{"type":"string","description_kind":"plain","optional":true},"name":{"type":"string","description_kind":"plain","optional":true},"servers":{"type":["list","string"],"description_kind":"plain","optional":true},"weight":{"type":"number","description_kind":"plain","optional":true}},"description_kind":"plain"},"min_items":1}},"description_kind":"plain"}},"akamai_gtm_resource":{"version":0,"block":{"attributes":{"aggregation_type":{"type":"string","description_kind":"plain","required":true},"constrained_property":{"type":"string","description_kind":"plain","optional":true},"decay_rate":{"type":"number","description_kind":"plain","optional":true},"description":{"type":"string","description_kind":"plain","optional":true},"domain":{"type":"string","description_kind":"plain","required":true},"host_header":{"type":"string","description_kind":"plain","optional":true},"id":{"type":"string","description_kind":"plain","optional":true,"computed":true},"leader_string":{"type":"string","description_kind":"plain","optional":true},"least_squares_decay":{"type":"number","description_kind":"plain","optional":true},"load_imbalance_percentage":{"type":"number","description_kind":"plain","optional":true},"max_u_multiplicative_increment":{"type":"number","description_kind":"plain","optional":true},"name":{"type":"string","description_kind":"plain","required":true},"type":{"type":"string","description_kind":"plain","required":true},"upper_bound":{"type":"number","description_kind":"plain","optional":true},"wait_on_complete":{"type":"bool","description_kind":"plain","optional":true}},"block_types":{"resource_instance":{"nesting_mode":"list","block":{"attributes":{"datacenter_id":{"type":"number","description_kind":"plain","required":true},"load_object":{"type":"string","description_kind":"plain","optional":true},"load_object_port":{"type":"number","description_kind":"plain","optional":true},"load_servers":{"type":["list","string"],"description_kind":"plain","optional":true},"use_default_load_object":{"type":"bool","description_kind":"plain","optional":true}},"description_kind":"plain"}}},"description_kind":"plain"}},"akamai_property":{"version":0,"block":{"attributes":{"account":{"type":"string","description_kind":"plain","computed":true},"contact":{"type":["set","string"],"description_kind":"plain","required":true},"contract":{"type":"string","description_kind":"plain","optional":true},"cp_code":{"type":"string","description_kind":"plain","optional":true},"edge_hostnames":{"type":["map","string"],"description_kind":"plain","computed":true},"group":{"type":"string","description_kind":"plain","optional":true},"hostnames":{"type":["map","string"],"description_kind":"plain","required":true},"id":{"type":"string","description_kind":"plain","optional":true,"computed":true},"is_secure":{"type":"bool","description_kind":"plain","optional":true},"name":{"type":"string","description_kind":"plain","required":true},"product":{"type":"string","description_kind":"plain","optional":true},"production_version":{"type":"number","description_kind":"plain","computed":true},"rule_format":{"type":"string","description_kind":"plain","optional":true},"rules":{"type":"string","description_kind":"plain","optional":true},"rulessha":{"type":"string","description_kind":"plain","computed":true},"staging_version":{"type":"number","description_kind":"plain","computed":true},"variables":{"type":"string","description_kind":"plain","optional":true},"version":{"type":"number","description_kind":"plain","computed":true}},"block_types":{"origin":{"nesting_mode":"set","block":{"attributes":{"cache_key_hostname":{"type":"string","description_kind":"plain","optional":true},"compress":{"type":"bool","description_kind":"plain","optional":true},"enable_true_client_ip":{"type":"bool","description_kind":"plain","optional":true},"forward_hostname":{"type":"string","description_kind":"plain","optional":true},"hostname":{"type":"string","description_kind":"plain","required":true},"port":{"type":"number","description_kind":"plain","optional":true}},"description_kind":"plain"}}},"description_kind":"plain"}},"akamai_property_activation":{"version":0,"block":{"attributes":{"activate":{"type":"bool","description_kind":"plain","optional":true},"contact":{"type":["set","string"],"description_kind":"plain","required":true},"id":{"type":"string","description_kind":"plain","optional":true,"computed":true},"network":{"type":"string","description_kind":"plain","optional":true},"property":{"type":"string","description_kind":"plain","required":true},"status":{"type":"string","description_kind":"plain","computed":true},"version":{"type":"number","description_kind":"plain","optional":true}},"description_kind":"plain"}},"akamai_property_rules":{"version":0,"block":{"attributes":{"id":{"type":"string","description_kind":"plain","optional":true,"computed":true},"json":{"type":"string","description":"JSON Rule representation","description_kind":"plain","computed":true},"variables":{"type":"string","description_kind":"plain","optional":true}},"block_types":{"rules":{"nesting_mode":"set","block":{"attributes":{"criteria_match":{"type":"string","description_kind":"plain","optional":true},"is_secure":{"type":"bool","description_kind":"plain","optional":true}},"block_types":{"behavior":{"nesting_mode":"set","block":{"attributes":{"name":{"type":"string","description_kind":"plain","required":true}},"block_types":{"option":{"nesting_mode":"set","block":{"attributes":{"key":{"type":"string","description_kind":"plain","required":true},"value":{"type":"string","description_kind":"plain","optional":true},"values":{"type":["set","string"],"description_kind":"plain","optional":true}},"description_kind":"plain"}}},"description_kind":"plain"}},"rule":{"nesting_mode":"set","block":{"attributes":{"comment":{"type":"string","description_kind":"plain","optional":true},"criteria_match":{"type":"string","description_kind":"plain","optional":true},"name":{"type":"string","description_kind":"plain","required":true}},"block_types":{"behavior":{"nesting_mode":"set","block":{"attributes":{"name":{"type":"string","description_kind":"plain","required":true}},"block_types":{"option":{"nesting_mode":"set","block":{"attributes":{"key":{"type":"string","description_kind":"plain","required":true},"value":{"type":"string","description_kind":"plain","optional":true},"values":{"type":["set","string"],"description_kind":"plain","optional":true}},"description_kind":"plain"}}},"description_kind":"plain"}},"criteria":{"nesting_mode":"set","block":{"attributes":{"name":{"type":"string","description_kind":"plain","required":true}},"block_types":{"option":{"nesting_mode":"set","block":{"attributes":{"key":{"type":"string","description_kind":"plain","required":true},"value":{"type":"string","description_kind":"plain","optional":true},"values":{"type":["set","string"],"description_kind":"plain","optional":true}},"description_kind":"plain"}}},"description_kind":"plain"}},"rule":{"nesting_mode":"set","block":{"attributes":{"comment":{"type":"string","description_kind":"plain","optional":true},"criteria_match":{"type":"string","description_kind":"plain","optional":true},"name":{"type":"string","description_kind":"plain","required":true}},"block_types":{"behavior":{"nesting_mode":"set","block":{"attributes":{"name":{"type":"string","description_kind":"plain","required":true}},"block_types":{"option":{"nesting_mode":"set","block":{"attributes":{"key":{"type":"string","description_kind":"plain","required":true},"value":{"type":"string","description_kind":"plain","optional":true},"values":{"type":["set","string"],"description_kind":"plain","optional":true}},"description_kind":"plain"}}},"description_kind":"plain"}},"criteria":{"nesting_mode":"set","block":{"attributes":{"name":{"type":"string","description_kind":"plain","required":true}},"block_types":{"option":{"nesting_mode":"set","block":{"attributes":{"key":{"type":"string","description_kind":"plain","required":true},"value":{"type":"string","description_kind":"plain","optional":true},"values":{"type":["set","string"],"description_kind":"plain","optional":true}},"description_kind":"plain"}}},"description_kind":"plain"}},"rule":{"nesting_mode":"set","block":{"attributes":{"comment":{"type":"string","description_kind":"plain","optional":true},"criteria_match":{"type":"string","description_kind":"plain","optional":true},"name":{"type":"string","description_kind":"plain","required":true}},"block_types":{"behavior":{"nesting_mode":"set","block":{"attributes":{"name":{"type":"string","description_kind":"plain","required":true}},"block_types":{"option":{"nesting_mode":"set","block":{"attributes":{"key":{"type":"string","description_kind":"plain","required":true},"value":{"type":"string","description_kind":"plain","optional":true},"values":{"type":["set","string"],"description_kind":"plain","optional":true}},"description_kind":"plain"}}},"description_kind":"plain"}},"criteria":{"nesting_mode":"set","block":{"attributes":{"name":{"type":"string","description_kind":"plain","required":true}},"block_types":{"option":{"nesting_mode":"set","block":{"attributes":{"key":{"type":"string","description_kind":"plain","required":true},"value":{"type":"string","description_kind":"plain","optional":true},"values":{"type":["set","string"],"description_kind":"plain","optional":true}},"description_kind":"plain"}}},"description_kind":"plain"}},"rule":{"nesting_mode":"set","block":{"attributes":{"comment":{"type":"string","description_kind":"plain","optional":true},"criteria_match":{"type":"string","description_kind":"plain","optional":true},"name":{"type":"string","description_kind":"plain","required":true}},"block_types":{"behavior":{"nesting_mode":"set","block":{"attributes":{"name":{"type":"string","description_kind":"plain","required":true}},"block_types":{"option":{"nesting_mode":"set","block":{"attributes":{"key":{"type":"string","description_kind":"plain","required":true},"value":{"type":"string","description_kind":"plain","optional":true},"values":{"type":["set","string"],"description_kind":"plain","optional":true}},"description_kind":"plain"}}},"description_kind":"plain"}},"criteria":{"nesting_mode":"set","block":{"attributes":{"name":{"type":"string","description_kind":"plain","required":true}},"block_types":{"option":{"nesting_mode":"set","block":{"attributes":{"key":{"type":"string","description_kind":"plain","required":true},"value":{"type":"string","description_kind":"plain","optional":true},"values":{"type":["set","string"],"description_kind":"plain","optional":true}},"description_kind":"plain"}}},"description_kind":"plain"}}},"description_kind":"plain"}}},"description_kind":"plain"}}},"description_kind":"plain"}}},"description_kind":"plain"}},"variable":{"nesting_mode":"set","block":{"attributes":{"description":{"type":"string","description_kind":"plain","optional":true},"hidden":{"type":"bool","description_kind":"plain","required":true},"name":{"type":"string","description_kind":"plain","required":true},"sensitive":{"type":"bool","description_kind":"plain","required":true},"value":{"type":"string","description_kind":"plain","optional":true}},"description_kind":"plain"}}},"description_kind":"plain"}}},"description_kind":"plain"}},"akamai_property_variables":{"version":0,"block":{"attributes":{"id":{"type":"string","description_kind":"plain","optional":true,"computed":true},"json":{"type":"string","description":"JSON variables representation","description_kind":"plain","computed":true}},"block_types":{"variables":{"nesting_mode":"set","block":{"block_types":{"variable":{"nesting_mode":"set","block":{"attributes":{"description":{"type":"string","description_kind":"plain","optional":true},"hidden":{"type":"bool","description_kind":"plain","required":true},"name":{"type":"string","description_kind":"plain","required":true},"sensitive":{"type":"bool","description_kind":"plain","required":true},"value":{"type":"string","description_kind":"plain","optional":true}},"description_kind":"plain"}}},"description_kind":"plain"}}},"description_kind":"plain"}}},"data_source_schemas":{"akamai_authorities_set":{"version":0,"block":{"attributes":{"authorities":{"type":["list","string"],"description_kind":"plain","computed":true},"contract":{"type":"string","description_kind":"plain","required":true},"id":{"type":"string","description_kind":"plain","optional":true,"computed":true}},"description_kind":"plain"}},"akamai_contract":{"version":0,"block":{"attributes":{"group":{"type":"string","description_kind":"plain","optional":true},"id":{"type":"string","description_kind":"plain","optional":true,"computed":true}},"description_kind":"plain"}},"akamai_cp_code":{"version":0,"block":{"attributes":{"contract":{"type":"string","description_kind":"plain","required":true},"group":{"type":"string","description_kind":"plain","required":true},"id":{"type":"string","description_kind":"plain","optional":true,"computed":true},"name":{"type":"string","description_kind":"plain","required":true}},"description_kind":"plain"}},"akamai_dns_record_set":{"version":0,"block":{"attributes":{"host":{"type":"string","description_kind":"plain","required":true},"id":{"type":"string","description_kind":"plain","optional":true,"computed":true},"rdata":{"type":["list","string"],"description_kind":"plain","computed":true},"record_type":{"type":"string","description_kind":"plain","required":true},"zone":{"type":"string","description_kind":"plain","required":true}},"description_kind":"plain"}},"akamai_group":{"version":0,"block":{"attributes":{"contract":{"type":"string","description_kind":"plain","optional":true},"id":{"type":"string","description_kind":"plain","optional":true,"computed":true},"name":{"type":"string","description_kind":"plain","optional":true}},"description_kind":"plain"}},"akamai_gtm_default_datacenter":{"version":0,"block":{"attributes":{"datacenter":{"type":"number","description_kind":"plain","optional":true},"datacenter_id":{"type":"number","description_kind":"plain","computed":true},"domain":{"type":"string","description_kind":"plain","required":true},"id":{"type":"string","description_kind":"plain","optional":true,"computed":true},"nickname":{"type":"string","description_kind":"plain","computed":true}},"description_kind":"plain"}},"akamai_property":{"version":0,"block":{"attributes":{"id":{"type":"string","description_kind":"plain","optional":true,"computed":true},"name":{"type":"string","description_kind":"plain","required":true},"rules":{"type":"string","description_kind":"plain","computed":true},"version":{"type":"number","description_kind":"plain","optional":true}},"description_kind":"plain"}},"akamai_property_rules":{"version":0,"block":{"attributes":{"id":{"type":"string","description_kind":"plain","optional":true,"computed":true},"json":{"type":"string","description":"JSON Rule representation","description_kind":"plain","computed":true},"variables":{"type":"string","description_kind":"plain","optional":true}},"block_types":{"rules":{"nesting_mode":"set","block":{"attributes":{"criteria_match":{"type":"string","description_kind":"plain","optional":true},"is_secure":{"type":"bool","description_kind":"plain","optional":true}},"block_types":{"behavior":{"nesting_mode":"set","block":{"attributes":{"name":{"type":"string","description_kind":"plain","required":true}},"block_types":{"option":{"nesting_mode":"set","block":{"attributes":{"key":{"type":"string","description_kind":"plain","required":true},"value":{"type":"string","description_kind":"plain","optional":true},"values":{"type":["set","string"],"description_kind":"plain","optional":true}},"description_kind":"plain"}}},"description_kind":"plain"}},"rule":{"nesting_mode":"set","block":{"attributes":{"comment":{"type":"string","description_kind":"plain","optional":true},"criteria_match":{"type":"string","description_kind":"plain","optional":true},"name":{"type":"string","description_kind":"plain","required":true}},"block_types":{"behavior":{"nesting_mode":"set","block":{"attributes":{"name":{"type":"string","description_kind":"plain","required":true}},"block_types":{"option":{"nesting_mode":"set","block":{"attributes":{"key":{"type":"string","description_kind":"plain","required":true},"value":{"type":"string","description_kind":"plain","optional":true},"values":{"type":["set","string"],"description_kind":"plain","optional":true}},"description_kind":"plain"}}},"description_kind":"plain"}},"criteria":{"nesting_mode":"set","block":{"attributes":{"name":{"type":"string","description_kind":"plain","required":true}},"block_types":{"option":{"nesting_mode":"set","block":{"attributes":{"key":{"type":"string","description_kind":"plain","required":true},"value":{"type":"string","description_kind":"plain","optional":true},"values":{"type":["set","string"],"description_kind":"plain","optional":true}},"description_kind":"plain"}}},"description_kind":"plain"}},"rule":{"nesting_mode":"set","block":{"attributes":{"comment":{"type":"string","description_kind":"plain","optional":true},"criteria_match":{"type":"string","description_kind":"plain","optional":true},"name":{"type":"string","description_kind":"plain","required":true}},"block_types":{"behavior":{"nesting_mode":"set","block":{"attributes":{"name":{"type":"string","description_kind":"plain","required":true}},"block_types":{"option":{"nesting_mode":"set","block":{"attributes":{"key":{"type":"string","description_kind":"plain","required":true},"value":{"type":"string","description_kind":"plain","optional":true},"values":{"type":["set","string"],"description_kind":"plain","optional":true}},"description_kind":"plain"}}},"description_kind":"plain"}},"criteria":{"nesting_mode":"set","block":{"attributes":{"name":{"type":"string","description_kind":"plain","required":true}},"block_types":{"option":{"nesting_mode":"set","block":{"attributes":{"key":{"type":"string","description_kind":"plain","required":true},"value":{"type":"string","description_kind":"plain","optional":true},"values":{"type":["set","string"],"description_kind":"plain","optional":true}},"description_kind":"plain"}}},"description_kind":"plain"}},"rule":{"nesting_mode":"set","block":{"attributes":{"comment":{"type":"string","description_kind":"plain","optional":true},"criteria_match":{"type":"string","description_kind":"plain","optional":true},"name":{"type":"string","description_kind":"plain","required":true}},"block_types":{"behavior":{"nesting_mode":"set","block":{"attributes":{"name":{"type":"string","description_kind":"plain","required":true}},"block_types":{"option":{"nesting_mode":"set","block":{"attributes":{"key":{"type":"string","description_kind":"plain","required":true},"value":{"type":"string","description_kind":"plain","optional":true},"values":{"type":["set","string"],"description_kind":"plain","optional":true}},"description_kind":"plain"}}},"description_kind":"plain"}},"criteria":{"nesting_mode":"set","block":{"attributes":{"name":{"type":"string","description_kind":"plain","required":true}},"block_types":{"option":{"nesting_mode":"set","block":{"attributes":{"key":{"type":"string","description_kind":"plain","required":true},"value":{"type":"string","description_kind":"plain","optional":true},"values":{"type":["set","string"],"description_kind":"plain","optional":true}},"description_kind":"plain"}}},"description_kind":"plain"}},"rule":{"nesting_mode":"set","block":{"attributes":{"comment":{"type":"string","description_kind":"plain","optional":true},"criteria_match":{"type":"string","description_kind":"plain","optional":true},"name":{"type":"string","description_kind":"plain","required":true}},"block_types":{"behavior":{"nesting_mode":"set","block":{"attributes":{"name":{"type":"string","description_kind":"plain","required":true}},"block_types":{"option":{"nesting_mode":"set","block":{"attributes":{"key":{"type":"string","description_kind":"plain","required":true},"value":{"type":"string","description_kind":"plain","optional":true},"values":{"type":["set","string"],"description_kind":"plain","optional":true}},"description_kind":"plain"}}},"description_kind":"plain"}},"criteria":{"nesting_mode":"set","block":{"attributes":{"name":{"type":"string","description_kind":"plain","required":true}},"block_types":{"option":{"nesting_mode":"set","block":{"attributes":{"key":{"type":"string","description_kind":"plain","required":true},"value":{"type":"string","description_kind":"plain","optional":true},"values":{"type":["set","string"],"description_kind":"plain","optional":true}},"description_kind":"plain"}}},"description_kind":"plain"}}},"description_kind":"plain"}}},"description_kind":"plain"}}},"description_kind":"plain"}}},"description_kind":"plain"}},"variable":{"nesting_mode":"set","block":{"attributes":{"description":{"type":"string","description_kind":"plain","optional":true},"hidden":{"type":"bool","description_kind":"plain","required":true},"name":{"type":"string","description_kind":"plain","required":true},"sensitive":{"type":"bool","description_kind":"plain","required":true},"value":{"type":"string","description_kind":"plain","optional":true}},"description_kind":"plain"}}},"description_kind":"plain"}}},"description_kind":"plain"}}}}}}
