{"format_version":"0.1","provider_schemas":{"registry.terraform.io/packethost/packet":{"provider":{"version":0,"block":{"attributes":{"auth_token":{"type":"string","description":"The API auth key for API operations.","description_kind":"plain","required":true}},"description_kind":"plain"}},"resource_schemas":{"packet_bgp_session":{"version":0,"block":{"attributes":{"address_family":{"type":"string","description_kind":"plain","required":true},"default_route":{"type":"bool","description_kind":"plain","optional":true},"device_id":{"type":"string","description_kind":"plain","required":true},"id":{"type":"string","description_kind":"plain","optional":true,"computed":true},"status":{"type":"string","description_kind":"plain","computed":true}},"description_kind":"plain"}},"packet_device":{"version":0,"block":{"attributes":{"access_private_ipv4":{"type":"string","description_kind":"plain","computed":true},"access_public_ipv4":{"type":"string","description_kind":"plain","computed":true},"access_public_ipv6":{"type":"string","description_kind":"plain","computed":true},"always_pxe":{"type":"bool","description_kind":"plain","optional":true},"billing_cycle":{"type":"string","description_kind":"plain","required":true},"created":{"type":"string","description_kind":"plain","computed":true},"deployed_facility":{"type":"string","description_kind":"plain","computed":true},"description":{"type":"string","description_kind":"plain","optional":true},"facilities":{"type":["list","string"],"description_kind":"plain","required":true},"force_detach_volumes":{"type":"bool","description_kind":"plain","optional":true},"hardware_reservation_id":{"type":"string","description_kind":"plain","optional":true,"computed":true},"hostname":{"type":"string","description_kind":"plain","required":true},"id":{"type":"string","description_kind":"plain","optional":true,"computed":true},"ipxe_script_url":{"type":"string","description_kind":"plain","optional":true},"locked":{"type":"bool","description_kind":"plain","computed":true},"network":{"type":["list",["object",{"address":"string","cidr":"number","family":"number","gateway":"string","public":"bool"}]],"description_kind":"plain","computed":true},"network_type":{"type":"string","description_kind":"plain","computed":true},"operating_system":{"type":"string","description_kind":"plain","required":true},"plan":{"type":"string","description_kind":"plain","required":true},"ports":{"type":["list",["object",{"bonded":"bool","id":"string","mac":"string","name":"string","type":"string"}]],"description_kind":"plain","computed":true},"project_id":{"type":"string","description_kind":"plain","required":true},"project_ssh_key_ids":{"type":["list","string"],"description_kind":"plain","optional":true},"root_password":{"type":"string","description_kind":"plain","computed":true,"sensitive":true},"ssh_key_ids":{"type":["list","string"],"description_kind":"plain","computed":true},"state":{"type":"string","description_kind":"plain","computed":true},"storage":{"type":"string","description_kind":"plain","optional":true},"tags":{"type":["list","string"],"description_kind":"plain","optional":true},"updated":{"type":"string","description_kind":"plain","computed":true},"user_data":{"type":"string","description_kind":"plain","optional":true,"sensitive":true},"wait_for_reservation_deprovision":{"type":"bool","description_kind":"plain","optional":true}},"block_types":{"ip_address":{"nesting_mode":"list","block":{"attributes":{"cidr":{"type":"number","description":"CIDR suffix for IP block assigned to this device","description_kind":"plain","optional":true},"reservation_ids":{"type":["list","string"],"description":"IDs of reservations to pick the blocks from","description_kind":"plain","optional":true},"type":{"type":"string","description":"one of public_ipv4,private_ipv4,public_ipv6","description_kind":"plain","required":true}},"description_kind":"plain"}},"timeouts":{"nesting_mode":"single","block":{"attributes":{"create":{"type":"string","description_kind":"plain","optional":true},"delete":{"type":"string","description_kind":"plain","optional":true},"update":{"type":"string","description_kind":"plain","optional":true}},"description_kind":"plain"}}},"description_kind":"plain"}},"packet_device_network_type":{"version":0,"block":{"attributes":{"device_id":{"type":"string","description_kind":"plain","required":true},"id":{"type":"string","description_kind":"plain","optional":true,"computed":true},"type":{"type":"string","description_kind":"plain","required":true}},"description_kind":"plain"}},"packet_ip_attachment":{"version":0,"block":{"attributes":{"address":{"type":"string","description_kind":"plain","computed":true},"address_family":{"type":"number","description_kind":"plain","computed":true},"cidr":{"type":"number","description_kind":"plain","computed":true},"cidr_notation":{"type":"string","description_kind":"plain","required":true},"device_id":{"type":"string","description_kind":"plain","required":true},"gateway":{"type":"string","description_kind":"plain","computed":true},"global":{"type":"bool","description_kind":"plain","computed":true},"id":{"type":"string","description_kind":"plain","optional":true,"computed":true},"manageable":{"type":"bool","description_kind":"plain","computed":true},"management":{"type":"bool","description_kind":"plain","computed":true},"netmask":{"type":"string","description_kind":"plain","computed":true},"network":{"type":"string","description_kind":"plain","computed":true},"public":{"type":"bool","description_kind":"plain","computed":true}},"description_kind":"plain"}},"packet_organization":{"version":0,"block":{"attributes":{"created":{"type":"string","description_kind":"plain","computed":true},"description":{"type":"string","description_kind":"plain","optional":true},"id":{"type":"string","description_kind":"plain","optional":true,"computed":true},"logo":{"type":"string","description_kind":"plain","optional":true},"name":{"type":"string","description_kind":"plain","required":true},"twitter":{"type":"string","description_kind":"plain","optional":true},"updated":{"type":"string","description_kind":"plain","computed":true},"website":{"type":"string","description_kind":"plain","optional":true}},"description_kind":"plain"}},"packet_port_vlan_attachment":{"version":0,"block":{"attributes":{"device_id":{"type":"string","description_kind":"plain","required":true},"force_bond":{"type":"bool","description_kind":"plain","optional":true},"id":{"type":"string","description_kind":"plain","optional":true,"computed":true},"native":{"type":"bool","description_kind":"plain","optional":true},"port_id":{"type":"string","description_kind":"plain","computed":true},"port_name":{"type":"string","description_kind":"plain","required":true},"vlan_id":{"type":"string","description_kind":"plain","computed":true},"vlan_vnid":{"type":"number","description_kind":"plain","required":true}},"description_kind":"plain"}},"packet_project":{"version":0,"block":{"attributes":{"backend_transfer":{"type":"bool","description_kind":"plain","optional":true},"created":{"type":"string","description_kind":"plain","computed":true},"id":{"type":"string","description_kind":"plain","optional":true,"computed":true},"name":{"type":"string","description_kind":"plain","required":true},"organization_id":{"type":"string","description_kind":"plain","optional":true,"computed":true},"payment_method_id":{"type":"string","description_kind":"plain","optional":true,"computed":true},"updated":{"type":"string","description_kind":"plain","computed":true}},"block_types":{"bgp_config":{"nesting_mode":"list","block":{"attributes":{"asn":{"type":"number","description_kind":"plain","required":true},"deployment_type":{"type":"string","description_kind":"plain","required":true},"max_prefix":{"type":"number","description_kind":"plain","computed":true},"md5":{"type":"string","description_kind":"plain","optional":true},"status":{"type":"string","description_kind":"plain","computed":true}},"description_kind":"plain"},"max_items":1}},"description_kind":"plain"}},"packet_project_ssh_key":{"version":0,"block":{"attributes":{"created":{"type":"string","description_kind":"plain","computed":true},"fingerprint":{"type":"string","description_kind":"plain","computed":true},"id":{"type":"string","description_kind":"plain","optional":true,"computed":true},"name":{"type":"string","description_kind":"plain","required":true},"owner_id":{"type":"string","description_kind":"plain","computed":true},"project_id":{"type":"string","description_kind":"plain","required":true},"public_key":{"type":"string","description_kind":"plain","required":true},"updated":{"type":"string","description_kind":"plain","computed":true}},"description_kind":"plain"}},"packet_reserved_ip_block":{"version":0,"block":{"attributes":{"address":{"type":"string","description_kind":"plain","computed":true},"address_family":{"type":"number","description_kind":"plain","computed":true},"cidr":{"type":"number","description_kind":"plain","computed":true},"cidr_notation":{"type":"string","description_kind":"plain","computed":true},"description":{"type":"string","description_kind":"plain","optional":true},"facility":{"type":"string","description_kind":"plain","optional":true},"gateway":{"type":"string","description_kind":"plain","computed":true},"global":{"type":"bool","description_kind":"plain","computed":true},"id":{"type":"string","description_kind":"plain","optional":true,"computed":true},"manageable":{"type":"bool","description_kind":"plain","computed":true},"management":{"type":"bool","description_kind":"plain","computed":true},"netmask":{"type":"string","description_kind":"plain","computed":true},"network":{"type":"string","description_kind":"plain","computed":true},"project_id":{"type":"string","description_kind":"plain","required":true},"public":{"type":"bool","description_kind":"plain","computed":true},"quantity":{"type":"number","description_kind":"plain","required":true},"type":{"type":"string","description_kind":"plain","optional":true}},"description_kind":"plain"}},"packet_spot_market_request":{"version":0,"block":{"attributes":{"devices_max":{"type":"number","description_kind":"plain","required":true},"devices_min":{"type":"number","description_kind":"plain","required":true},"facilities":{"type":["list","string"],"description_kind":"plain","required":true},"id":{"type":"string","description_kind":"plain","optional":true,"computed":true},"max_bid_price":{"type":"number","description_kind":"plain","required":true},"project_id":{"type":"string","description_kind":"plain","required":true},"wait_for_devices":{"type":"bool","description_kind":"plain","optional":true}},"block_types":{"instance_parameters":{"nesting_mode":"list","block":{"attributes":{"always_pxe":{"type":"string","description_kind":"plain","optional":true},"billing_cycle":{"type":"string","description_kind":"plain","required":true},"description":{"type":"string","description_kind":"plain","optional":true},"features":{"type":["list","string"],"description_kind":"plain","optional":true},"hostname":{"type":"string","description_kind":"plain","required":true},"locked":{"type":"string","description_kind":"plain","optional":true},"operating_system":{"type":"string","description_kind":"plain","required":true},"plan":{"type":"string","description_kind":"plain","required":true},"project_ssh_keys":{"type":["list","string"],"description_kind":"plain","optional":true},"termintation_time":{"type":"string","description_kind":"plain","computed":true},"user_ssh_keys":{"type":["list","string"],"description_kind":"plain","optional":true},"userdata":{"type":"string","description_kind":"plain","optional":true}},"description_kind":"plain"},"min_items":1,"max_items":1},"timeouts":{"nesting_mode":"single","block":{"attributes":{"create":{"type":"string","description_kind":"plain","optional":true},"delete":{"type":"string","description_kind":"plain","optional":true}},"description_kind":"plain"}}},"description_kind":"plain"}},"packet_ssh_key":{"version":0,"block":{"attributes":{"created":{"type":"string","description_kind":"plain","computed":true},"fingerprint":{"type":"string","description_kind":"plain","computed":true},"id":{"type":"string","description_kind":"plain","optional":true,"computed":true},"name":{"type":"string","description_kind":"plain","required":true},"owner_id":{"type":"string","description_kind":"plain","computed":true},"public_key":{"type":"string","description_kind":"plain","required":true},"updated":{"type":"string","description_kind":"plain","computed":true}},"description_kind":"plain"}},"packet_vlan":{"version":0,"block":{"attributes":{"description":{"type":"string","description_kind":"plain","optional":true},"facility":{"type":"string","description_kind":"plain","required":true},"id":{"type":"string","description_kind":"plain","optional":true,"computed":true},"project_id":{"type":"string","description_kind":"plain","required":true},"vxlan":{"type":"number","description_kind":"plain","computed":true}},"description_kind":"plain"}},"packet_volume":{"version":0,"block":{"attributes":{"attachments":{"type":["list",["object",{"href":"string"}]],"description_kind":"plain","computed":true},"billing_cycle":{"type":"string","description_kind":"plain","optional":true,"computed":true},"created":{"type":"string","description_kind":"plain","computed":true},"description":{"type":"string","description_kind":"plain","optional":true},"facility":{"type":"string","description_kind":"plain","required":true},"id":{"type":"string","description_kind":"plain","optional":true,"computed":true},"locked":{"type":"bool","description_kind":"plain","optional":true},"name":{"type":"string","description_kind":"plain","computed":true},"plan":{"type":"string","description_kind":"plain","required":true},"project_id":{"type":"string","description_kind":"plain","required":true},"size":{"type":"number","description_kind":"plain","required":true},"state":{"type":"string","description_kind":"plain","computed":true},"updated":{"type":"string","description_kind":"plain","computed":true}},"block_types":{"snapshot_policies":{"nesting_mode":"list","block":{"attributes":{"snapshot_count":{"type":"number","description_kind":"plain","required":true},"snapshot_frequency":{"type":"string","description_kind":"plain","required":true}},"description_kind":"plain"}}},"description_kind":"plain"}},"packet_volume_attachment":{"version":0,"block":{"attributes":{"device_id":{"type":"string","description_kind":"plain","required":true},"id":{"type":"string","description_kind":"plain","optional":true,"computed":true},"volume_id":{"type":"string","description_kind":"plain","required":true}},"description_kind":"plain"}}},"data_source_schemas":{"packet_device":{"version":0,"block":{"attributes":{"access_private_ipv4":{"type":"string","description_kind":"plain","computed":true},"access_public_ipv4":{"type":"string","description_kind":"plain","computed":true},"access_public_ipv6":{"type":"string","description_kind":"plain","computed":true},"always_pxe":{"type":"bool","description_kind":"plain","computed":true},"billing_cycle":{"type":"string","description_kind":"plain","computed":true},"description":{"type":"string","description_kind":"plain","computed":true},"device_id":{"type":"string","description_kind":"plain","optional":true,"computed":true},"facility":{"type":"string","description_kind":"plain","computed":true},"hardware_reservation_id":{"type":"string","description_kind":"plain","computed":true},"hostname":{"type":"string","description_kind":"plain","optional":true,"computed":true},"id":{"type":"string","description_kind":"plain","optional":true,"computed":true},"ipxe_script_url":{"type":"string","description_kind":"plain","computed":true},"network":{"type":["list",["object",{"address":"string","cidr":"number","family":"number","gateway":"string","public":"bool"}]],"description_kind":"plain","computed":true},"network_type":{"type":"string","description_kind":"plain","computed":true},"operating_system":{"type":"string","description_kind":"plain","computed":true},"plan":{"type":"string","description_kind":"plain","computed":true},"ports":{"type":["list",["object",{"bonded":"bool","id":"string","mac":"string","name":"string","type":"string"}]],"description_kind":"plain","computed":true},"project_id":{"type":"string","description_kind":"plain","optional":true,"computed":true},"root_password":{"type":"string","description_kind":"plain","computed":true,"sensitive":true},"ssh_key_ids":{"type":["list","string"],"description_kind":"plain","computed":true},"state":{"type":"string","description_kind":"plain","computed":true},"storage":{"type":"string","description_kind":"plain","computed":true},"tags":{"type":["list","string"],"description_kind":"plain","computed":true}},"description_kind":"plain"}},"packet_device_bgp_neighbors":{"version":0,"block":{"attributes":{"bgp_neighbors":{"type":["list",["object",{"address_family":"number","customer_as":"number","customer_ip":"string","md5_enabled":"bool","md5_password":"string","multihop":"bool","peer_as":"number","peer_ips":["list","string"],"routes_in":["list",["object",{"exact":"bool","route":"string"}]],"routes_out":["list",["object",{"exact":"bool","route":"string"}]]}]],"description_kind":"plain","computed":true},"device_id":{"type":"string","description_kind":"plain","required":true},"id":{"type":"string","description_kind":"plain","optional":true,"computed":true}},"description_kind":"plain"}},"packet_ip_block_ranges":{"version":0,"block":{"attributes":{"facility":{"type":"string","description_kind":"plain","optional":true},"global_ipv4":{"type":["list","string"],"description_kind":"plain","computed":true},"id":{"type":"string","description_kind":"plain","optional":true,"computed":true},"ipv6":{"type":["list","string"],"description_kind":"plain","computed":true},"private_ipv4":{"type":["list","string"],"description_kind":"plain","computed":true},"project_id":{"type":"string","description_kind":"plain","required":true},"public_ipv4":{"type":["list","string"],"description_kind":"plain","computed":true}},"description_kind":"plain"}},"packet_operating_system":{"version":0,"block":{"attributes":{"distro":{"type":"string","description_kind":"plain","optional":true},"id":{"type":"string","description_kind":"plain","optional":true,"computed":true},"name":{"type":"string","description_kind":"plain","optional":true},"provisionable_on":{"type":"string","description_kind":"plain","optional":true},"slug":{"type":"string","description_kind":"plain","computed":true},"version":{"type":"string","description_kind":"plain","optional":true}},"description_kind":"plain"}},"packet_organization":{"version":0,"block":{"attributes":{"description":{"type":"string","description_kind":"plain","computed":true},"id":{"type":"string","description_kind":"plain","optional":true,"computed":true},"logo":{"type":"string","description_kind":"plain","computed":true},"name":{"type":"string","description_kind":"plain","optional":true,"computed":true},"organization_id":{"type":"string","description_kind":"plain","optional":true,"computed":true},"project_ids":{"type":["list","string"],"description_kind":"plain","computed":true},"twitter":{"type":"string","description_kind":"plain","computed":true},"website":{"type":"string","description_kind":"plain","computed":true}},"description_kind":"plain"}},"packet_precreated_ip_block":{"version":0,"block":{"attributes":{"address":{"type":"string","description_kind":"plain","computed":true},"address_family":{"type":"number","description_kind":"plain","required":true},"cidr":{"type":"number","description_kind":"plain","computed":true},"cidr_notation":{"type":"string","description_kind":"plain","computed":true},"facility":{"type":"string","description_kind":"plain","optional":true},"gateway":{"type":"string","description_kind":"plain","computed":true},"global":{"type":"bool","description_kind":"plain","optional":true},"id":{"type":"string","description_kind":"plain","optional":true,"computed":true},"manageable":{"type":"bool","description_kind":"plain","computed":true},"management":{"type":"bool","description_kind":"plain","computed":true},"netmask":{"type":"string","description_kind":"plain","computed":true},"network":{"type":"string","description_kind":"plain","computed":true},"project_id":{"type":"string","description_kind":"plain","required":true},"public":{"type":"bool","description_kind":"plain","required":true},"quantity":{"type":"number","description_kind":"plain","computed":true}},"description_kind":"plain"}},"packet_project":{"version":0,"block":{"attributes":{"backend_transfer":{"type":"bool","description_kind":"plain","computed":true},"bgp_config":{"type":["list",["object",{"asn":"number","deployment_type":"string","max_prefix":"number","md5":"string","status":"string"}]],"description_kind":"plain","computed":true},"created":{"type":"string","description_kind":"plain","computed":true},"id":{"type":"string","description_kind":"plain","optional":true,"computed":true},"name":{"type":"string","description_kind":"plain","optional":true,"computed":true},"organization_id":{"type":"string","description_kind":"plain","computed":true},"payment_method_id":{"type":"string","description_kind":"plain","computed":true},"project_id":{"type":"string","description_kind":"plain","optional":true,"computed":true},"updated":{"type":"string","description_kind":"plain","computed":true},"user_ids":{"type":["list","string"],"description_kind":"plain","computed":true}},"description_kind":"plain"}},"packet_spot_market_price":{"version":0,"block":{"attributes":{"facility":{"type":"string","description_kind":"plain","required":true},"id":{"type":"string","description_kind":"plain","optional":true,"computed":true},"plan":{"type":"string","description_kind":"plain","required":true},"price":{"type":"number","description_kind":"plain","computed":true}},"description_kind":"plain"}},"packet_spot_market_request":{"version":0,"block":{"attributes":{"device_ids":{"type":["list","string"],"description_kind":"plain","computed":true},"id":{"type":"string","description_kind":"plain","optional":true,"computed":true},"request_id":{"type":"string","description_kind":"plain","required":true}},"block_types":{"timeouts":{"nesting_mode":"single","block":{"attributes":{"create":{"type":"string","description_kind":"plain","optional":true},"default":{"type":"string","description_kind":"plain","optional":true},"delete":{"type":"string","description_kind":"plain","optional":true},"update":{"type":"string","description_kind":"plain","optional":true}},"description_kind":"plain"}}},"description_kind":"plain"}},"packet_volume":{"version":0,"block":{"attributes":{"billing_cycle":{"type":"string","description_kind":"plain","computed":true},"created":{"type":"string","description_kind":"plain","computed":true},"description":{"type":"string","description_kind":"plain","computed":true},"device_ids":{"type":["list","string"],"description_kind":"plain","computed":true},"facility":{"type":"string","description_kind":"plain","computed":true},"id":{"type":"string","description_kind":"plain","optional":true,"computed":true},"locked":{"type":"bool","description_kind":"plain","computed":true},"name":{"type":"string","description_kind":"plain","optional":true,"computed":true},"plan":{"type":"string","description_kind":"plain","computed":true},"project_id":{"type":"string","description_kind":"plain","optional":true,"computed":true},"size":{"type":"number","description_kind":"plain","computed":true},"snapshot_policies":{"type":["list",["object",{"snapshot_count":"number","snapshot_frequency":"string"}]],"description_kind":"plain","computed":true},"state":{"type":"string","description_kind":"plain","computed":true},"updated":{"type":"string","description_kind":"plain","computed":true},"volume_id":{"type":"string","description_kind":"plain","optional":true,"computed":true}},"description_kind":"plain"}}}}}}
