{"format_version":"0.1","provider_schemas":{"registry.terraform.io/hashicorp/azuread":{"provider":{"version":0,"block":{"attributes":{"client_certificate_password":{"type":"string","description_kind":"plain","optional":true},"client_certificate_path":{"type":"string","description_kind":"plain","optional":true},"client_id":{"type":"string","description_kind":"plain","optional":true},"client_secret":{"type":"string","description_kind":"plain","optional":true},"environment":{"type":"string","description_kind":"plain","optional":true},"metadata_host":{"type":"string","description":"The Hostname which should be used to fetch environment metadata from.","description_kind":"plain","optional":true},"msi_endpoint":{"type":"string","description_kind":"plain","optional":true},"tenant_id":{"type":"string","description_kind":"plain","optional":true},"use_msi":{"type":"bool","description_kind":"plain","optional":true}},"description_kind":"plain"}},"resource_schemas":{"azuread_application":{"version":0,"block":{"attributes":{"application_id":{"type":"string","description_kind":"plain","computed":true},"available_to_other_tenants":{"type":"bool","description_kind":"plain","optional":true},"group_membership_claims":{"type":"string","description_kind":"plain","optional":true},"homepage":{"type":"string","description_kind":"plain","optional":true,"computed":true},"id":{"type":"string","description_kind":"plain","optional":true,"computed":true},"identifier_uris":{"type":["list","string"],"description_kind":"plain","optional":true,"computed":true},"logout_url":{"type":"string","description_kind":"plain","optional":true},"name":{"type":"string","description_kind":"plain","required":true},"oauth2_allow_implicit_flow":{"type":"bool","description_kind":"plain","optional":true},"oauth2_permissions":{"type":["set",["object",{"admin_consent_description":"string","admin_consent_display_name":"string","id":"string","is_enabled":"bool","type":"string","user_consent_description":"string","user_consent_display_name":"string","value":"string"}]],"description_kind":"plain","optional":true,"computed":true},"object_id":{"type":"string","description_kind":"plain","computed":true},"owners":{"type":["set","string"],"description_kind":"plain","optional":true,"computed":true},"prevent_duplicate_names":{"type":"bool","description_kind":"plain","optional":true},"public_client":{"type":"bool","description_kind":"plain","optional":true,"computed":true},"reply_urls":{"type":["set","string"],"description_kind":"plain","optional":true,"computed":true},"type":{"type":"string","description_kind":"plain","optional":true}},"block_types":{"app_role":{"nesting_mode":"set","block":{"attributes":{"allowed_member_types":{"type":["set","string"],"description_kind":"plain","required":true},"description":{"type":"string","description_kind":"plain","required":true},"display_name":{"type":"string","description_kind":"plain","required":true},"id":{"type":"string","description_kind":"plain","computed":true},"is_enabled":{"type":"bool","description_kind":"plain","optional":true},"value":{"type":"string","description_kind":"plain","optional":true,"computed":true}},"description_kind":"plain"}},"optional_claims":{"nesting_mode":"list","block":{"block_types":{"access_token":{"nesting_mode":"list","block":{"attributes":{"additional_properties":{"type":["list","string"],"description_kind":"plain","optional":true},"essential":{"type":"bool","description_kind":"plain","optional":true},"name":{"type":"string","description_kind":"plain","required":true},"source":{"type":"string","description_kind":"plain","optional":true}},"description_kind":"plain"}},"id_token":{"nesting_mode":"list","block":{"attributes":{"additional_properties":{"type":["list","string"],"description_kind":"plain","optional":true},"essential":{"type":"bool","description_kind":"plain","optional":true},"name":{"type":"string","description_kind":"plain","required":true},"source":{"type":"string","description_kind":"plain","optional":true}},"description_kind":"plain"}}},"description_kind":"plain"},"max_items":1},"required_resource_access":{"nesting_mode":"set","block":{"attributes":{"resource_app_id":{"type":"string","description_kind":"plain","required":true}},"block_types":{"resource_access":{"nesting_mode":"list","block":{"attributes":{"id":{"type":"string","description_kind":"plain","required":true},"type":{"type":"string","description_kind":"plain","required":true}},"description_kind":"plain"},"min_items":1}},"description_kind":"plain"}}},"description_kind":"plain"}},"azuread_application_app_role":{"version":0,"block":{"attributes":{"allowed_member_types":{"type":["set","string"],"description_kind":"plain","required":true},"application_object_id":{"type":"string","description_kind":"plain","required":true},"description":{"type":"string","description_kind":"plain","required":true},"display_name":{"type":"string","description_kind":"plain","required":true},"id":{"type":"string","description_kind":"plain","optional":true,"computed":true},"is_enabled":{"type":"bool","description_kind":"plain","optional":true},"role_id":{"type":"string","description_kind":"plain","optional":true,"computed":true},"value":{"type":"string","description_kind":"plain","optional":true}},"description_kind":"plain"}},"azuread_application_certificate":{"version":0,"block":{"attributes":{"application_object_id":{"type":"string","description_kind":"plain","required":true},"end_date":{"type":"string","description_kind":"plain","optional":true,"computed":true},"end_date_relative":{"type":"string","description_kind":"plain","optional":true},"id":{"type":"string","description_kind":"plain","optional":true,"computed":true},"key_id":{"type":"string","description_kind":"plain","optional":true,"computed":true},"start_date":{"type":"string","description_kind":"plain","optional":true,"computed":true},"type":{"type":"string","description_kind":"plain","optional":true},"value":{"type":"string","description_kind":"plain","required":true,"sensitive":true}},"description_kind":"plain"}},"azuread_application_oauth2_permission":{"version":0,"block":{"attributes":{"admin_consent_description":{"type":"string","description_kind":"plain","required":true},"admin_consent_display_name":{"type":"string","description_kind":"plain","required":true},"application_object_id":{"type":"string","description_kind":"plain","required":true},"id":{"type":"string","description_kind":"plain","optional":true,"computed":true},"is_enabled":{"type":"bool","description_kind":"plain","optional":true},"permission_id":{"type":"string","description_kind":"plain","optional":true,"computed":true},"type":{"type":"string","description_kind":"plain","required":true},"user_consent_description":{"type":"string","description_kind":"plain","required":true},"user_consent_display_name":{"type":"string","description_kind":"plain","required":true},"value":{"type":"string","description_kind":"plain","required":true}},"description_kind":"plain"}},"azuread_application_password":{"version":1,"block":{"attributes":{"application_object_id":{"type":"string","description_kind":"plain","required":true},"description":{"type":"string","description_kind":"plain","optional":true,"computed":true},"end_date":{"type":"string","description_kind":"plain","optional":true,"computed":true},"end_date_relative":{"type":"string","description_kind":"plain","optional":true},"id":{"type":"string","description_kind":"plain","optional":true,"computed":true},"key_id":{"type":"string","description_kind":"plain","optional":true,"computed":true},"start_date":{"type":"string","description_kind":"plain","optional":true,"computed":true},"value":{"type":"string","description_kind":"plain","required":true,"sensitive":true}},"description_kind":"plain"}},"azuread_group":{"version":0,"block":{"attributes":{"description":{"type":"string","description_kind":"plain","optional":true},"id":{"type":"string","description_kind":"plain","optional":true,"computed":true},"members":{"type":["set","string"],"description_kind":"plain","optional":true,"computed":true},"name":{"type":"string","description_kind":"plain","required":true},"object_id":{"type":"string","description_kind":"plain","computed":true},"owners":{"type":["set","string"],"description_kind":"plain","optional":true,"computed":true},"prevent_duplicate_names":{"type":"bool","description_kind":"plain","optional":true}},"description_kind":"plain"}},"azuread_group_member":{"version":0,"block":{"attributes":{"group_object_id":{"type":"string","description_kind":"plain","required":true},"id":{"type":"string","description_kind":"plain","optional":true,"computed":true},"member_object_id":{"type":"string","description_kind":"plain","required":true}},"description_kind":"plain"}},"azuread_service_principal":{"version":0,"block":{"attributes":{"app_role_assignment_required":{"type":"bool","description_kind":"plain","optional":true},"application_id":{"type":"string","description_kind":"plain","required":true},"display_name":{"type":"string","description_kind":"plain","computed":true},"id":{"type":"string","description_kind":"plain","optional":true,"computed":true},"object_id":{"type":"string","description_kind":"plain","computed":true},"tags":{"type":["set","string"],"description_kind":"plain","optional":true}},"block_types":{"oauth2_permissions":{"nesting_mode":"list","block":{"attributes":{"admin_consent_description":{"type":"string","description_kind":"plain","computed":true},"admin_consent_display_name":{"type":"string","description_kind":"plain","computed":true},"id":{"type":"string","description_kind":"plain","computed":true},"is_enabled":{"type":"bool","description_kind":"plain","computed":true},"type":{"type":"string","description_kind":"plain","computed":true},"user_consent_description":{"type":"string","description_kind":"plain","computed":true},"user_consent_display_name":{"type":"string","description_kind":"plain","computed":true},"value":{"type":"string","description_kind":"plain","computed":true}},"description_kind":"plain"}}},"description_kind":"plain"}},"azuread_service_principal_certificate":{"version":0,"block":{"attributes":{"end_date":{"type":"string","description_kind":"plain","optional":true,"computed":true},"end_date_relative":{"type":"string","description_kind":"plain","optional":true},"id":{"type":"string","description_kind":"plain","optional":true,"computed":true},"key_id":{"type":"string","description_kind":"plain","optional":true,"computed":true},"service_principal_id":{"type":"string","description_kind":"plain","required":true},"start_date":{"type":"string","description_kind":"plain","optional":true,"computed":true},"type":{"type":"string","description_kind":"plain","optional":true},"value":{"type":"string","description_kind":"plain","required":true,"sensitive":true}},"description_kind":"plain"}},"azuread_service_principal_password":{"version":1,"block":{"attributes":{"description":{"type":"string","description_kind":"plain","optional":true,"computed":true},"end_date":{"type":"string","description_kind":"plain","optional":true,"computed":true},"end_date_relative":{"type":"string","description_kind":"plain","optional":true},"id":{"type":"string","description_kind":"plain","optional":true,"computed":true},"key_id":{"type":"string","description_kind":"plain","optional":true,"computed":true},"service_principal_id":{"type":"string","description_kind":"plain","required":true},"start_date":{"type":"string","description_kind":"plain","optional":true,"computed":true},"value":{"type":"string","description_kind":"plain","required":true,"sensitive":true}},"description_kind":"plain"}},"azuread_user":{"version":0,"block":{"attributes":{"account_enabled":{"type":"bool","description_kind":"plain","optional":true},"display_name":{"type":"string","description_kind":"plain","required":true},"force_password_change":{"type":"bool","description_kind":"plain","optional":true},"id":{"type":"string","description_kind":"plain","optional":true,"computed":true},"immutable_id":{"type":"string","description":"This must be specified if you are using a federated domain for the user's userPrincipalName (UPN) property when creating a new user account. It is used to associate an on-premises Active Directory user account with their Azure AD user object.","description_kind":"plain","optional":true,"computed":true},"mail":{"type":"string","description_kind":"plain","computed":true},"mail_nickname":{"type":"string","description_kind":"plain","optional":true,"computed":true},"object_id":{"type":"string","description_kind":"plain","computed":true},"onpremises_sam_account_name":{"type":"string","description_kind":"plain","computed":true},"onpremises_user_principal_name":{"type":"string","description_kind":"plain","computed":true},"password":{"type":"string","description_kind":"plain","required":true,"sensitive":true},"usage_location":{"type":"string","description":"A two letter country code (ISO standard 3166). Required for users that will be assigned licenses due to legal requirement to check for availability of services in countries. Examples include: `NO`, `JP`, and `GB`. Not nullable.","description_kind":"plain","optional":true,"computed":true},"user_principal_name":{"type":"string","description_kind":"plain","required":true}},"description_kind":"plain"}}},"data_source_schemas":{"azuread_application":{"version":0,"block":{"attributes":{"app_roles":{"type":["list",["object",{"allowed_member_types":["set","string"],"description":"string","display_name":"string","id":"string","is_enabled":"bool","value":"string"}]],"description_kind":"plain","computed":true},"application_id":{"type":"string","description_kind":"plain","optional":true,"computed":true},"available_to_other_tenants":{"type":"bool","description_kind":"plain","computed":true},"group_membership_claims":{"type":"string","description_kind":"plain","computed":true},"homepage":{"type":"string","description_kind":"plain","computed":true},"id":{"type":"string","description_kind":"plain","optional":true,"computed":true},"identifier_uris":{"type":["list","string"],"description_kind":"plain","computed":true},"logout_url":{"type":"string","description_kind":"plain","computed":true},"name":{"type":"string","description_kind":"plain","optional":true,"computed":true},"oauth2_allow_implicit_flow":{"type":"bool","description_kind":"plain","computed":true},"object_id":{"type":"string","description_kind":"plain","optional":true,"computed":true},"owners":{"type":["list","string"],"description_kind":"plain","computed":true},"reply_urls":{"type":["list","string"],"description_kind":"plain","computed":true},"required_resource_access":{"type":["list",["object",{"resource_access":["list",["object",{"id":"string","type":"string"}]],"resource_app_id":"string"}]],"description_kind":"plain","computed":true},"type":{"type":"string","description_kind":"plain","computed":true}},"block_types":{"oauth2_permissions":{"nesting_mode":"list","block":{"attributes":{"admin_consent_description":{"type":"string","description_kind":"plain","computed":true},"admin_consent_display_name":{"type":"string","description_kind":"plain","computed":true},"id":{"type":"string","description_kind":"plain","computed":true},"is_enabled":{"type":"bool","description_kind":"plain","computed":true},"type":{"type":"string","description_kind":"plain","computed":true},"user_consent_description":{"type":"string","description_kind":"plain","computed":true},"user_consent_display_name":{"type":"string","description_kind":"plain","computed":true},"value":{"type":"string","description_kind":"plain","computed":true}},"description_kind":"plain"}},"optional_claims":{"nesting_mode":"list","block":{"block_types":{"access_token":{"nesting_mode":"list","block":{"attributes":{"additional_properties":{"type":["list","string"],"description_kind":"plain","optional":true},"essential":{"type":"bool","description_kind":"plain","optional":true},"name":{"type":"string","description_kind":"plain","required":true},"source":{"type":"string","description_kind":"plain","optional":true}},"description_kind":"plain"}},"id_token":{"nesting_mode":"list","block":{"attributes":{"additional_properties":{"type":["list","string"],"description_kind":"plain","optional":true},"essential":{"type":"bool","description_kind":"plain","optional":true},"name":{"type":"string","description_kind":"plain","required":true},"source":{"type":"string","description_kind":"plain","optional":true}},"description_kind":"plain"}}},"description_kind":"plain"},"max_items":1}},"description_kind":"plain"}},"azuread_client_config":{"version":0,"block":{"attributes":{"client_id":{"type":"string","description_kind":"plain","computed":true},"id":{"type":"string","description_kind":"plain","optional":true,"computed":true},"object_id":{"type":"string","description_kind":"plain","computed":true},"tenant_id":{"type":"string","description_kind":"plain","computed":true}},"block_types":{"timeouts":{"nesting_mode":"single","block":{"attributes":{"read":{"type":"string","description_kind":"plain","optional":true}},"description_kind":"plain"}}},"description_kind":"plain"}},"azuread_domains":{"version":0,"block":{"attributes":{"domains":{"type":["list",["object",{"authentication_type":"string","domain_name":"string","is_default":"bool","is_initial":"bool","is_verified":"bool"}]],"description_kind":"plain","computed":true},"id":{"type":"string","description_kind":"plain","optional":true,"computed":true},"include_unverified":{"type":"bool","description_kind":"plain","optional":true},"only_default":{"type":"bool","description_kind":"plain","optional":true},"only_initial":{"type":"bool","description_kind":"plain","optional":true}},"description_kind":"plain"}},"azuread_group":{"version":0,"block":{"attributes":{"description":{"type":"string","description_kind":"plain","computed":true},"id":{"type":"string","description_kind":"plain","optional":true,"computed":true},"members":{"type":["list","string"],"description_kind":"plain","computed":true},"name":{"type":"string","description_kind":"plain","optional":true,"computed":true},"object_id":{"type":"string","description_kind":"plain","optional":true,"computed":true},"owners":{"type":["list","string"],"description_kind":"plain","computed":true}},"description_kind":"plain"}},"azuread_groups":{"version":0,"block":{"attributes":{"id":{"type":"string","description_kind":"plain","optional":true,"computed":true},"names":{"type":["list","string"],"description_kind":"plain","optional":true,"computed":true},"object_ids":{"type":["list","string"],"description_kind":"plain","optional":true,"computed":true}},"description_kind":"plain"}},"azuread_service_principal":{"version":0,"block":{"attributes":{"app_roles":{"type":["list",["object",{"allowed_member_types":["set","string"],"description":"string","display_name":"string","id":"string","is_enabled":"bool","value":"string"}]],"description_kind":"plain","computed":true},"application_id":{"type":"string","description_kind":"plain","optional":true,"computed":true},"display_name":{"type":"string","description_kind":"plain","optional":true,"computed":true},"id":{"type":"string","description_kind":"plain","optional":true,"computed":true},"object_id":{"type":"string","description_kind":"plain","optional":true,"computed":true}},"block_types":{"oauth2_permissions":{"nesting_mode":"list","block":{"attributes":{"admin_consent_description":{"type":"string","description_kind":"plain","computed":true},"admin_consent_display_name":{"type":"string","description_kind":"plain","computed":true},"id":{"type":"string","description_kind":"plain","computed":true},"is_enabled":{"type":"bool","description_kind":"plain","computed":true},"type":{"type":"string","description_kind":"plain","computed":true},"user_consent_description":{"type":"string","description_kind":"plain","computed":true},"user_consent_display_name":{"type":"string","description_kind":"plain","computed":true},"value":{"type":"string","description_kind":"plain","computed":true}},"description_kind":"plain"}}},"description_kind":"plain"}},"azuread_user":{"version":0,"block":{"attributes":{"account_enabled":{"type":"bool","description_kind":"plain","computed":true},"display_name":{"type":"string","description_kind":"plain","computed":true},"id":{"type":"string","description_kind":"plain","optional":true,"computed":true},"immutable_id":{"type":"string","description_kind":"plain","computed":true},"mail":{"type":"string","description_kind":"plain","computed":true},"mail_nickname":{"type":"string","description_kind":"plain","optional":true,"computed":true},"object_id":{"type":"string","description_kind":"plain","optional":true,"computed":true},"onpremises_sam_account_name":{"type":"string","description_kind":"plain","computed":true},"onpremises_user_principal_name":{"type":"string","description_kind":"plain","computed":true},"usage_location":{"type":"string","description_kind":"plain","computed":true},"user_principal_name":{"type":"string","description_kind":"plain","optional":true,"computed":true}},"description_kind":"plain"}},"azuread_users":{"version":0,"block":{"attributes":{"id":{"type":"string","description_kind":"plain","optional":true,"computed":true},"ignore_missing":{"type":"bool","description_kind":"plain","optional":true},"mail_nicknames":{"type":["list","string"],"description_kind":"plain","optional":true,"computed":true},"object_ids":{"type":["list","string"],"description_kind":"plain","optional":true,"computed":true},"user_principal_names":{"type":["list","string"],"description_kind":"plain","optional":true,"computed":true},"users":{"type":["list",["object",{"account_enabled":"bool","display_name":"string","immutable_id":"string","mail":"string","mail_nickname":"string","object_id":"string","onpremises_sam_account_name":"string","onpremises_user_principal_name":"string","usage_location":"string","user_principal_name":"string"}]],"description_kind":"plain","computed":true}},"description_kind":"plain"}}}}}}
