{"format_version":"0.1","provider_schemas":{"registry.terraform.io/civo/civo":{"provider":{"version":0,"block":{"attributes":{"token":{"type":"string","description_kind":"plain","optional":true}},"description_kind":"plain"}},"resource_schemas":{"civo_dns_domain_name":{"version":0,"block":{"attributes":{"account_id":{"type":"string","description_kind":"plain","computed":true},"id":{"type":"string","description_kind":"plain","optional":true,"computed":true},"name":{"type":"string","description":"A fully qualified domain name","description_kind":"plain","required":true}},"description_kind":"plain"}},"civo_dns_domain_record":{"version":0,"block":{"attributes":{"account_id":{"type":"string","description_kind":"plain","computed":true},"created_at":{"type":"string","description_kind":"plain","computed":true},"domain_id":{"type":"string","description":"Id from domain name","description_kind":"plain","required":true},"id":{"type":"string","description_kind":"plain","optional":true,"computed":true},"name":{"type":"string","description":"The portion before the domain name (e.g. www) or an @ for the apex/root domain (you cannot use an A record with an amex/root domain)","description_kind":"plain","required":true},"priority":{"type":"number","description":"Useful for MX records only, the priority mail should be attempted it (defaults to 10)","description_kind":"plain","optional":true},"ttl":{"type":"number","description":"How long caching DNS servers should cache this record for, in seconds (the minimum is 600 and the default if unspecified is 600)","description_kind":"plain","required":true},"type":{"type":"string","description":"The choice of RR type from a, cname, mx or txt","description_kind":"plain","required":true},"updated_at":{"type":"string","description_kind":"plain","computed":true},"value":{"type":"string","description":"The IP address (A or MX), hostname (CNAME or MX) or text value (TXT) to serve for this record","description_kind":"plain","required":true}},"description_kind":"plain"}},"civo_firewall":{"version":0,"block":{"attributes":{"id":{"type":"string","description_kind":"plain","optional":true,"computed":true},"name":{"type":"string","description_kind":"plain","required":true},"region":{"type":"string","description_kind":"plain","computed":true}},"description_kind":"plain"}},"civo_firewall_rule":{"version":0,"block":{"attributes":{"cidr":{"type":["set","string"],"description":"The IP address of the other end (i.e. not your instance) to affect, or a valid network CIDR (defaults to being globally applied, i.e. 0.0.0.0/0)","description_kind":"plain","required":true},"direction":{"type":"string","description":"Will this rule affect ingress traffic","description_kind":"plain","required":true},"end_port":{"type":"string","description":"The end of the port range (this is optional, by default it will only apply to the single port listed in start_port)","description_kind":"plain","required":true},"firewall_id":{"type":"string","description_kind":"plain","required":true},"id":{"type":"string","description_kind":"plain","optional":true,"computed":true},"label":{"type":"string","description":"A string that will be the displayed name/reference for this rule (optional)","description_kind":"plain","optional":true},"protocol":{"type":"string","description":"The protocol choice from tcp, udp or icmp (the default if unspecified is tcp)","description_kind":"plain","required":true},"start_port":{"type":"string","description":"The start of the port range to configure for this rule (or the single port if required)","description_kind":"plain","required":true}},"description_kind":"plain"}},"civo_instance":{"version":0,"block":{"attributes":{"cpu_cores":{"type":"number","description_kind":"plain","computed":true},"created_at":{"type":"string","description_kind":"plain","computed":true},"disk_gb":{"type":"number","description_kind":"plain","computed":true},"firewall_id":{"type":"string","description":"The ID of the firewall to use, from the current list. If left blank or not sent, the default firewall will be used (open to all)","description_kind":"plain","optional":true},"hostname":{"type":"string","description":"A fully qualified domain name that should be set as the instance's hostname (required)","description_kind":"plain","required":true},"id":{"type":"string","description_kind":"plain","optional":true,"computed":true},"initial_password":{"type":"string","description_kind":"plain","computed":true},"initial_user":{"type":"string","description":"The name of the initial user created on the server (optional; this will default to the template's default_username and fallback to civo)","description_kind":"plain","optional":true},"network_id":{"type":"string","description":"This must be the ID of the network from the network listing (optional; default network used when not specified)","description_kind":"plain","optional":true},"notes":{"type":"string","description":"Add some notes to the instance","description_kind":"plain","optional":true},"private_ip":{"type":"string","description_kind":"plain","computed":true},"pseudo_ip":{"type":"string","description_kind":"plain","computed":true},"public_ip":{"type":"string","description_kind":"plain","computed":true},"public_ip_requiered":{"type":"string","description":"This should be either none, create or `move_ip_from:intances_id` by default is create","description_kind":"plain","optional":true},"ram_mb":{"type":"number","description_kind":"plain","computed":true},"reverse_dns":{"type":"string","description":"A fully qualified domain name that should be used as the instance's IP's reverse DNS (optional, uses the hostname if unspecified)","description_kind":"plain","optional":true},"script":{"type":"string","description":"the contents of a script that will be uploaded to /usr/local/bin/civo-user-init-script on your instance, read/write/executable only by root and then will be executed at the end of the cloud initialization","description_kind":"plain","optional":true},"size":{"type":"string","description":"The name of the size, from the current list, e.g. g2.small (required)","description_kind":"plain","optional":true},"sshkey_id":{"type":"string","description":"The ID of an already uploaded SSH public key to use for login to the default user (optional; if one isn't provided a random password will be set and returned in the initial_password field)","description_kind":"plain","optional":true},"status":{"type":"string","description_kind":"plain","computed":true},"tags":{"type":["set","string"],"description":"An optional list of tags, represented as a key, value pair","description_kind":"plain","optional":true},"template":{"type":"string","description":"The ID for the template to use to build the instance","description_kind":"plain","optional":true}},"description_kind":"plain"}},"civo_kubernetes_cluster":{"version":0,"block":{"attributes":{"api_endpoint":{"type":"string","description_kind":"plain","computed":true},"applications":{"type":"string","description":"a comma separated list of applications to install.Spaces within application names are fine, but shouldn't be either side of the comma.If you want to remove a default installed application, prefix it with a '-', e.g. -traefik.","description_kind":"plain","optional":true},"built_at":{"type":"string","description_kind":"plain","computed":true},"created_at":{"type":"string","description_kind":"plain","computed":true},"dns_entry":{"type":"string","description_kind":"plain","computed":true},"id":{"type":"string","description_kind":"plain","optional":true,"computed":true},"installed_applications":{"type":["list",["object",{"application":"string","category":"string","installed":"bool","version":"string"}]],"description_kind":"plain","computed":true},"instances":{"type":["list",["object",{"cpu_cores":"number","created_at":"string","disk_gb":"number","firewall_id":"string","hostname":"string","public_ip":"string","ram_mb":"number","region":"string","size":"string","status":"string","tags":["set","string"]}]],"description_kind":"plain","computed":true},"kubeconfig":{"type":"string","description_kind":"plain","computed":true},"kubernetes_version":{"type":"string","description":"the version of k3s to install (optional, the default is currently the latest available)","description_kind":"plain","optional":true},"master_ip":{"type":"string","description_kind":"plain","computed":true},"name":{"type":"string","description":"a name for your cluster, must be unique within your account (required)","description_kind":"plain","required":true},"num_target_nodes":{"type":"number","description":"the number of instances to create (optional, the default at the time of writing is 3)","description_kind":"plain","optional":true},"ready":{"type":"bool","description_kind":"plain","computed":true},"status":{"type":"string","description_kind":"plain","computed":true},"tags":{"type":"string","description":"a space separated list of tags, to be used freely as required (optional)","description_kind":"plain","optional":true},"target_nodes_size":{"type":"string","description":"the size of each node (optional, the default is currently g2.small)","description_kind":"plain","optional":true}},"description_kind":"plain"}},"civo_loadbalancer":{"version":0,"block":{"attributes":{"fail_timeout":{"type":"number","description":"how long to wait in seconds before determining a backend has failed, defaults to 30","description_kind":"plain","required":true},"health_check_path":{"type":"string","description":"what URL should be used on the backends to determine if it's OK (2xx/3xx status), defaults to /","description_kind":"plain","optional":true},"hostname":{"type":"string","description":"the hostname to receive traffic for, e.g. www.example.com (optional: sets hostname to loadbalancer-uuid.civo.com if blank)","description_kind":"plain","required":true},"id":{"type":"string","description_kind":"plain","optional":true,"computed":true},"ignore_invalid_backend_tls":{"type":"bool","description":"should self-signed/invalid certificates be ignored from the backend servers, defaults to true","description_kind":"plain","optional":true},"max_conns":{"type":"number","description":"how many concurrent connections can each backend handle, defaults to 10","description_kind":"plain","required":true},"max_request_size":{"type":"number","description":"the size in megabytes of the maximum request content that will be accepted, defaults to 20","description_kind":"plain","required":true},"policy":{"type":"string","description":"one of: least_conn (sends new requests to the least busy server), random (sends new requests to a random backend), round_robin (sends new requests to the next backend in order), ip_hash (sends requests from a given IP address to the same backend), default is random","description_kind":"plain","required":true},"port":{"type":"number","description":"you can listen on any port, the default is 80 to match the default protocol of http,if not you must specify it here (commonly 80 for HTTP or 443 for HTTPS)","description_kind":"plain","required":true},"protocol":{"type":"string","description":"either http or https. If you specify https then you must also provide the next two fields, the default is http","description_kind":"plain","required":true},"tls_certificate":{"type":"string","description":"if your protocol is https then you should send the TLS certificate in Base64-encoded PEM format","description_kind":"plain","optional":true},"tls_key":{"type":"string","description":"if your protocol is https then you should send the TLS private key in Base64-encoded PEM format","description_kind":"plain","optional":true}},"block_types":{"backend":{"nesting_mode":"set","block":{"attributes":{"instance_id":{"type":"string","description_kind":"plain","required":true},"port":{"type":"number","description_kind":"plain","required":true},"protocol":{"type":"string","description_kind":"plain","required":true}},"description_kind":"plain"},"min_items":1}},"description_kind":"plain"}},"civo_network":{"version":0,"block":{"attributes":{"cidr":{"type":"string","description_kind":"plain","computed":true},"default":{"type":"bool","description_kind":"plain","computed":true},"id":{"type":"string","description_kind":"plain","optional":true,"computed":true},"label":{"type":"string","description":"Name for the network","description_kind":"plain","required":true},"name":{"type":"string","description_kind":"plain","computed":true},"region":{"type":"string","description_kind":"plain","computed":true}},"description_kind":"plain"}},"civo_snapshot":{"version":0,"block":{"attributes":{"completed_at":{"type":"string","description_kind":"plain","computed":true},"cron_timing":{"type":"string","description":"If a valid cron string is passed, the snapshot will be saved as an automated snapshot,continuing to automatically update based on the schedule of the cron sequence provided.The default is nil meaning the snapshot will be saved as a one-off snapshot.","description_kind":"plain","optional":true},"hostname":{"type":"string","description_kind":"plain","computed":true},"id":{"type":"string","description_kind":"plain","optional":true,"computed":true},"instance_id":{"type":"string","description":"The ID of the instance to snapshot","description_kind":"plain","required":true},"name":{"type":"string","description":"This is a unqiue, alphanumerical, short, human readable code for the snapshot","description_kind":"plain","required":true},"next_execution":{"type":"string","description_kind":"plain","computed":true},"region":{"type":"string","description_kind":"plain","computed":true},"requested_at":{"type":"string","description_kind":"plain","computed":true},"safe":{"type":"bool","description":"If true the instance will be shut down during the snapshot to ensure all filesare in a consistent state (e.g. database tables aren't in the middle of being optimisedand hence risking corruption). The default is false so you experience no interruptionof service, but a small risk of corruption.","description_kind":"plain","optional":true},"size_gb":{"type":"number","description_kind":"plain","computed":true},"state":{"type":"string","description_kind":"plain","computed":true},"template_id":{"type":"string","description_kind":"plain","computed":true}},"description_kind":"plain"}},"civo_ssh_key":{"version":0,"block":{"attributes":{"fingerprint":{"type":"string","description":"a string containing the SSH finger print.","description_kind":"plain","computed":true},"id":{"type":"string","description_kind":"plain","optional":true,"computed":true},"name":{"type":"string","description":"a string that will be the reference for the SSH key.","description_kind":"plain","required":true},"public_key":{"type":"string","description":"a string containing the SSH public key.","description_kind":"plain","required":true,"sensitive":true}},"description_kind":"plain"}},"civo_template":{"version":0,"block":{"attributes":{"cloud_config":{"type":"string","description":"Commonly referred to as 'user-data', this is a customisation script that is run afterthe instance is first booted. We recommend using cloud-config as it's a great distribution-agnosticway of configuring cloud servers. If you put $INITIAL_USER in your script, this will automaticallybe replaced by the initial user chosen when creating the instance, $INITIAL_PASSWORD will bereplaced with the random password generated by the system, $HOSTNAME is the fully qualifieddomain name of the instance and $SSH_KEY will be the content of the SSH public key.(this is technically optional, but you won't really be able to use instances without it -see our learn guide on templates for more information)","description_kind":"plain","optional":true},"code":{"type":"string","description":"This is a unqiue, alphanumerical, short, human readable code for the template (required).","description_kind":"plain","required":true},"default_username":{"type":"string","description":"The default username to suggest that the user creates (optional: defaults to civo).","description_kind":"plain","optional":true},"description":{"type":"string","description":"A multi-line description of the template, in Markdown format (optional).","description_kind":"plain","optional":true},"id":{"type":"string","description_kind":"plain","optional":true,"computed":true},"image_id":{"type":"string","description":"This is the Image ID of any default template or the ID of another template,either owned by you or global (optional; but must be specified if no volume_id is specified).","description_kind":"plain","optional":true},"name":{"type":"string","description":"This is a short human readable name for the template (optional).","description_kind":"plain","required":true},"short_description":{"type":"string","description":"A one line description of the template (optional)","description_kind":"plain","optional":true},"volume_id":{"type":"string","description":"This is the ID of a bootable volume, either owned by you or global(optional; but must be specified if no image_id is specified).","description_kind":"plain","optional":true}},"description_kind":"plain"}},"civo_volume":{"version":0,"block":{"attributes":{"bootable":{"type":"bool","description":"Mark the volume as bootable","description_kind":"plain","required":true},"created_at":{"type":"string","description_kind":"plain","computed":true},"id":{"type":"string","description_kind":"plain","optional":true,"computed":true},"mount_point":{"type":"string","description_kind":"plain","computed":true},"name":{"type":"string","description":"A name that you wish to use to refer to this volume","description_kind":"plain","required":true},"size_gb":{"type":"number","description":"A minimum of 1 and a maximum of your available disk space from your quota specifies the size of the volume in gigabytes ","description_kind":"plain","required":true}},"description_kind":"plain"}},"civo_volume_attachment":{"version":0,"block":{"attributes":{"id":{"type":"string","description_kind":"plain","optional":true,"computed":true},"instance_id":{"type":"string","description_kind":"plain","required":true},"volume_id":{"type":"string","description_kind":"plain","required":true}},"description_kind":"plain"}}},"data_source_schemas":{"civo_dns_domain_name":{"version":0,"block":{"attributes":{"id":{"type":"string","description_kind":"plain","optional":true},"name":{"type":"string","description_kind":"plain","optional":true}},"description_kind":"plain"}},"civo_dns_domain_record":{"version":0,"block":{"attributes":{"account_id":{"type":"string","description_kind":"plain","computed":true},"created_at":{"type":"string","description_kind":"plain","computed":true},"domain_id":{"type":"string","description_kind":"plain","required":true},"id":{"type":"string","description_kind":"plain","optional":true,"computed":true},"name":{"type":"string","description_kind":"plain","required":true},"priority":{"type":"number","description_kind":"plain","computed":true},"ttl":{"type":"number","description_kind":"plain","computed":true},"type":{"type":"string","description_kind":"plain","computed":true},"updated_at":{"type":"string","description_kind":"plain","computed":true},"value":{"type":"string","description_kind":"plain","computed":true}},"description_kind":"plain"}},"civo_instance":{"version":0,"block":{"attributes":{"cpu_cores":{"type":"number","description_kind":"plain","computed":true},"created_at":{"type":"string","description_kind":"plain","computed":true},"disk_gb":{"type":"number","description_kind":"plain","computed":true},"firewall_id":{"type":"string","description_kind":"plain","computed":true},"hostname":{"type":"string","description_kind":"plain","optional":true},"id":{"type":"string","description_kind":"plain","optional":true},"initial_password":{"type":"string","description_kind":"plain","computed":true},"initial_user":{"type":"string","description_kind":"plain","computed":true},"network_id":{"type":"string","description_kind":"plain","computed":true},"notes":{"type":"string","description_kind":"plain","computed":true},"private_ip":{"type":"string","description_kind":"plain","computed":true},"pseudo_ip":{"type":"string","description_kind":"plain","computed":true},"public_ip":{"type":"string","description_kind":"plain","computed":true},"ram_mb":{"type":"number","description_kind":"plain","computed":true},"reverse_dns":{"type":"string","description_kind":"plain","computed":true},"script":{"type":"string","description_kind":"plain","computed":true},"size":{"type":"string","description_kind":"plain","computed":true},"sshkey_id":{"type":"string","description_kind":"plain","computed":true},"status":{"type":"string","description_kind":"plain","computed":true},"tags":{"type":["set","string"],"description_kind":"plain","computed":true},"template":{"type":"string","description_kind":"plain","computed":true}},"description_kind":"plain"}},"civo_instances":{"version":0,"block":{"attributes":{"id":{"type":"string","description_kind":"plain","optional":true,"computed":true},"instances":{"type":["list",["object",{"cpu_cores":"number","created_at":"string","disk_gb":"number","firewall_id":"string","hostname":"string","id":"string","initial_password":"string","initial_user":"string","network_id":"string","notes":"string","private_ip":"string","pseudo_ip":"string","public_ip":"string","ram_mb":"number","reverse_dns":"string","script":"string","size":"string","sshkey_id":"string","status":"string","tags":["set","string"],"template":"string"}]],"description_kind":"plain","computed":true}},"block_types":{"filter":{"nesting_mode":"set","block":{"attributes":{"key":{"type":"string","description_kind":"plain","required":true},"values":{"type":["list","string"],"description_kind":"plain","required":true}},"description_kind":"plain"}},"sort":{"nesting_mode":"list","block":{"attributes":{"direction":{"type":"string","description_kind":"plain","optional":true},"key":{"type":"string","description_kind":"plain","required":true}},"description_kind":"plain"}}},"description_kind":"plain"}},"civo_instances_size":{"version":0,"block":{"attributes":{"id":{"type":"string","description_kind":"plain","optional":true,"computed":true},"sizes":{"type":["list",["object",{"cpu_cores":"number","description":"string","disk_gb":"number","name":"string","nice_name":"string","ram_mb":"number","selectable":"bool"}]],"description_kind":"plain","computed":true}},"block_types":{"filter":{"nesting_mode":"set","block":{"attributes":{"key":{"type":"string","description_kind":"plain","required":true},"values":{"type":["list","string"],"description_kind":"plain","required":true}},"description_kind":"plain"}},"sort":{"nesting_mode":"list","block":{"attributes":{"direction":{"type":"string","description_kind":"plain","optional":true},"key":{"type":"string","description_kind":"plain","required":true}},"description_kind":"plain"}}},"description_kind":"plain"}},"civo_kubernetes_cluster":{"version":0,"block":{"attributes":{"api_endpoint":{"type":"string","description_kind":"plain","computed":true},"applications":{"type":"string","description_kind":"plain","computed":true},"built_at":{"type":"string","description_kind":"plain","computed":true},"created_at":{"type":"string","description_kind":"plain","computed":true},"dns_entry":{"type":"string","description_kind":"plain","computed":true},"id":{"type":"string","description_kind":"plain","optional":true},"installed_applications":{"type":["list",["object",{"application":"string","category":"string","installed":"bool","version":"string"}]],"description_kind":"plain","computed":true},"instances":{"type":["list",["object",{"cpu_cores":"number","created_at":"string","disk_gb":"number","firewall_id":"string","hostname":"string","public_ip":"string","ram_mb":"number","region":"string","size":"string","status":"string","tags":["set","string"]}]],"description_kind":"plain","computed":true},"kubeconfig":{"type":"string","description_kind":"plain","computed":true},"kubernetes_version":{"type":"string","description_kind":"plain","computed":true},"master_ip":{"type":"string","description_kind":"plain","computed":true},"name":{"type":"string","description_kind":"plain","optional":true},"num_target_nodes":{"type":"number","description_kind":"plain","computed":true},"ready":{"type":"bool","description_kind":"plain","computed":true},"status":{"type":"string","description_kind":"plain","computed":true},"tags":{"type":"string","description_kind":"plain","computed":true},"target_nodes_size":{"type":"string","description_kind":"plain","computed":true}},"description_kind":"plain"}},"civo_kubernetes_version":{"version":0,"block":{"attributes":{"id":{"type":"string","description_kind":"plain","optional":true,"computed":true},"versions":{"type":["list",["object",{"default":"bool","label":"string","type":"string","version":"string"}]],"description_kind":"plain","computed":true}},"block_types":{"filter":{"nesting_mode":"set","block":{"attributes":{"key":{"type":"string","description_kind":"plain","required":true},"values":{"type":["list","string"],"description_kind":"plain","required":true}},"description_kind":"plain"}},"sort":{"nesting_mode":"list","block":{"attributes":{"direction":{"type":"string","description_kind":"plain","optional":true},"key":{"type":"string","description_kind":"plain","required":true}},"description_kind":"plain"}}},"description_kind":"plain"}},"civo_loadbalancer":{"version":0,"block":{"attributes":{"backend":{"type":["list",["object",{"instance_id":"string","port":"number","protocol":"string"}]],"description_kind":"plain","computed":true},"fail_timeout":{"type":"number","description_kind":"plain","computed":true},"health_check_path":{"type":"string","description_kind":"plain","computed":true},"hostname":{"type":"string","description_kind":"plain","optional":true},"id":{"type":"string","description_kind":"plain","optional":true},"ignore_invalid_backend_tls":{"type":"bool","description_kind":"plain","computed":true},"max_conns":{"type":"number","description_kind":"plain","computed":true},"max_request_size":{"type":"number","description_kind":"plain","computed":true},"policy":{"type":"string","description_kind":"plain","computed":true},"port":{"type":"number","description_kind":"plain","computed":true},"protocol":{"type":"string","description_kind":"plain","computed":true},"tls_certificate":{"type":"string","description_kind":"plain","computed":true},"tls_key":{"type":"string","description_kind":"plain","computed":true}},"description_kind":"plain"}},"civo_network":{"version":0,"block":{"attributes":{"cidr":{"type":"string","description_kind":"plain","computed":true},"default":{"type":"bool","description_kind":"plain","computed":true},"id":{"type":"string","description_kind":"plain","optional":true},"label":{"type":"string","description_kind":"plain","optional":true},"name":{"type":"string","description_kind":"plain","computed":true},"region":{"type":"string","description_kind":"plain","computed":true}},"description_kind":"plain"}},"civo_snapshot":{"version":0,"block":{"attributes":{"completed_at":{"type":"string","description_kind":"plain","computed":true},"cron_timing":{"type":"string","description_kind":"plain","computed":true},"hostname":{"type":"string","description_kind":"plain","computed":true},"id":{"type":"string","description_kind":"plain","optional":true},"instance_id":{"type":"string","description_kind":"plain","computed":true},"name":{"type":"string","description_kind":"plain","optional":true},"next_execution":{"type":"string","description_kind":"plain","computed":true},"region":{"type":"string","description_kind":"plain","computed":true},"requested_at":{"type":"string","description_kind":"plain","computed":true},"safe":{"type":"bool","description_kind":"plain","computed":true},"size_gb":{"type":"number","description_kind":"plain","computed":true},"state":{"type":"string","description_kind":"plain","computed":true},"template_id":{"type":"string","description_kind":"plain","computed":true}},"description_kind":"plain"}},"civo_ssh_key":{"version":0,"block":{"attributes":{"fingerprint":{"type":"string","description_kind":"plain","computed":true},"id":{"type":"string","description_kind":"plain","optional":true},"name":{"type":"string","description_kind":"plain","optional":true}},"description_kind":"plain"}},"civo_template":{"version":0,"block":{"attributes":{"id":{"type":"string","description_kind":"plain","optional":true,"computed":true},"templates":{"type":["list",["object",{"cloud_config":"string","code":"string","default_username":"string","description":"string","id":"string","image_id":"string","name":"string","short_description":"string","volume_id":"string"}]],"description_kind":"plain","computed":true}},"block_types":{"filter":{"nesting_mode":"set","block":{"attributes":{"key":{"type":"string","description_kind":"plain","required":true},"values":{"type":["list","string"],"description_kind":"plain","required":true}},"description_kind":"plain"}},"sort":{"nesting_mode":"list","block":{"attributes":{"direction":{"type":"string","description_kind":"plain","optional":true},"key":{"type":"string","description_kind":"plain","required":true}},"description_kind":"plain"}}},"description_kind":"plain"}},"civo_volume":{"version":0,"block":{"attributes":{"bootable":{"type":"bool","description_kind":"plain","computed":true},"created_at":{"type":"string","description_kind":"plain","computed":true},"id":{"type":"string","description_kind":"plain","optional":true},"mount_point":{"type":"string","description_kind":"plain","computed":true},"name":{"type":"string","description_kind":"plain","optional":true},"size_gb":{"type":"number","description_kind":"plain","computed":true}},"description_kind":"plain"}}}}}}
