{"format_version":"0.1","provider_schemas":{"registry.terraform.io/hashicorp/consul":{"provider":{"version":0,"block":{"attributes":{"address":{"type":"string","description_kind":"plain","optional":true},"ca_file":{"type":"string","description_kind":"plain","optional":true},"ca_path":{"type":"string","description_kind":"plain","optional":true},"ca_pem":{"type":"string","description_kind":"plain","optional":true},"cert_file":{"type":"string","description_kind":"plain","optional":true},"cert_pem":{"type":"string","description_kind":"plain","optional":true},"datacenter":{"type":"string","description_kind":"plain","optional":true},"http_auth":{"type":"string","description_kind":"plain","optional":true},"insecure_https":{"type":"bool","description_kind":"plain","optional":true},"key_file":{"type":"string","description_kind":"plain","optional":true},"key_pem":{"type":"string","description_kind":"plain","optional":true},"namespace":{"type":"string","description_kind":"plain","optional":true},"scheme":{"type":"string","description_kind":"plain","optional":true},"token":{"type":"string","description_kind":"plain","optional":true,"sensitive":true}},"description_kind":"plain"}},"resource_schemas":{"consul_acl_auth_method":{"version":0,"block":{"attributes":{"config":{"type":["map","string"],"description":"The raw configuration for this ACL auth method.","description_kind":"plain","optional":true},"config_json":{"type":"string","description":"The raw configuration for this ACL auth method.","description_kind":"plain","optional":true},"description":{"type":"string","description":"A free form human readable description of the auth method.","description_kind":"plain","optional":true},"display_name":{"type":"string","description":"An optional name to use instead of the name attribute when displaying information about this auth method.","description_kind":"plain","optional":true},"id":{"type":"string","description_kind":"plain","optional":true,"computed":true},"max_token_ttl":{"type":"string","description":"The maximum life of any token created by this auth method.","description_kind":"plain","optional":true},"name":{"type":"string","description":"The name of the ACL auth method.","description_kind":"plain","required":true},"namespace":{"type":"string","description_kind":"plain","optional":true},"token_locality":{"type":"string","description":"The kind of token that this auth method produces. This can be either 'local' or 'global'.","description_kind":"plain","optional":true},"type":{"type":"string","description":"The type of the ACL auth method.","description_kind":"plain","required":true}},"block_types":{"namespace_rule":{"nesting_mode":"list","block":{"attributes":{"bind_namespace":{"type":"string","description_kind":"plain","required":true},"selector":{"type":"string","description_kind":"plain","optional":true}},"description_kind":"plain"}}},"description_kind":"plain"}},"consul_acl_binding_rule":{"version":0,"block":{"attributes":{"auth_method":{"type":"string","description":"The name of the ACL auth method this rule apply.","description_kind":"plain","required":true},"bind_name":{"type":"string","description":"The name to bind to a token at login-time.","description_kind":"plain","required":true},"bind_type":{"type":"string","description":"Specifies the way the binding rule affects a token created at login.","description_kind":"plain","required":true},"description":{"type":"string","description":"A free form human readable description of the binding rule.","description_kind":"plain","optional":true},"id":{"type":"string","description_kind":"plain","optional":true,"computed":true},"namespace":{"type":"string","description_kind":"plain","optional":true},"selector":{"type":"string","description":"The expression used to math this rule against valid identities returned from an auth method validation.","description_kind":"plain","optional":true}},"description_kind":"plain"}},"consul_acl_policy":{"version":0,"block":{"attributes":{"datacenters":{"type":["set","string"],"description":"The ACL policy datacenters.","description_kind":"plain","optional":true},"description":{"type":"string","description":"The ACL policy description.","description_kind":"plain","optional":true},"id":{"type":"string","description_kind":"plain","optional":true,"computed":true},"name":{"type":"string","description":"The ACL policy name.","description_kind":"plain","required":true},"namespace":{"type":"string","description_kind":"plain","optional":true},"rules":{"type":"string","description":"The ACL policy rules.","description_kind":"plain","required":true}},"description_kind":"plain"}},"consul_acl_role":{"version":0,"block":{"attributes":{"description":{"type":"string","description":"A free form human readable description of the role.","description_kind":"plain","optional":true},"id":{"type":"string","description_kind":"plain","optional":true,"computed":true},"name":{"type":"string","description":"The name of the ACL role.","description_kind":"plain","required":true},"namespace":{"type":"string","description_kind":"plain","optional":true},"policies":{"type":["set","string"],"description":"The list of policies that should be applied to the role.","description_kind":"plain","optional":true}},"block_types":{"service_identities":{"nesting_mode":"set","block":{"attributes":{"datacenters":{"type":["set","string"],"description":"The datacenters the effective policy is valid within. When no datacenters are provided the effective policy is valid in all datacenters including those which do not yet exist but may in the future.","description_kind":"plain","optional":true},"service_name":{"type":"string","description":"The name of the service.","description_kind":"plain","required":true}},"description_kind":"plain"}}},"description_kind":"plain"}},"consul_acl_token":{"version":0,"block":{"attributes":{"accessor_id":{"type":"string","description":"The token id.","description_kind":"plain","optional":true,"computed":true},"description":{"type":"string","description":"The token description.","description_kind":"plain","optional":true},"id":{"type":"string","description_kind":"plain","optional":true,"computed":true},"local":{"type":"bool","description":"Flag to set the token local to the current datacenter.","description_kind":"plain","optional":true},"namespace":{"type":"string","description_kind":"plain","optional":true},"policies":{"type":["set","string"],"description":"List of policies.","description_kind":"plain","optional":true},"roles":{"type":["set","string"],"description":"List of roles","description_kind":"plain","optional":true}},"description_kind":"plain"}},"consul_acl_token_policy_attachment":{"version":0,"block":{"attributes":{"id":{"type":"string","description_kind":"plain","optional":true,"computed":true},"policy":{"type":"string","description":"The policy name.","description_kind":"plain","required":true},"token_id":{"type":"string","description":"The token accessor id.","description_kind":"plain","required":true}},"description_kind":"plain"}},"consul_agent_service":{"version":0,"block":{"attributes":{"address":{"type":"string","description_kind":"plain","optional":true,"computed":true},"id":{"type":"string","description_kind":"plain","optional":true,"computed":true},"name":{"type":"string","description_kind":"plain","required":true},"port":{"type":"number","description_kind":"plain","optional":true},"tags":{"type":["list","string"],"description_kind":"plain","optional":true}},"description_kind":"plain"}},"consul_autopilot_config":{"version":0,"block":{"attributes":{"cleanup_dead_servers":{"type":"bool","description_kind":"plain","optional":true},"datacenter":{"type":"string","description_kind":"plain","optional":true},"disable_upgrade_migration":{"type":"bool","description_kind":"plain","optional":true},"id":{"type":"string","description_kind":"plain","optional":true,"computed":true},"last_contact_threshold":{"type":"string","description_kind":"plain","optional":true},"max_trailing_logs":{"type":"number","description_kind":"plain","optional":true},"redundancy_zone_tag":{"type":"string","description_kind":"plain","optional":true},"server_stabilization_time":{"type":"string","description_kind":"plain","optional":true},"upgrade_version_tag":{"type":"string","description_kind":"plain","optional":true}},"description_kind":"plain"}},"consul_catalog_entry":{"version":0,"block":{"attributes":{"address":{"type":"string","description_kind":"plain","required":true},"datacenter":{"type":"string","description_kind":"plain","optional":true,"computed":true},"id":{"type":"string","description_kind":"plain","optional":true,"computed":true},"node":{"type":"string","description_kind":"plain","required":true},"token":{"type":"string","description_kind":"plain","optional":true,"sensitive":true}},"block_types":{"service":{"nesting_mode":"set","block":{"attributes":{"address":{"type":"string","description_kind":"plain","optional":true},"id":{"type":"string","description_kind":"plain","optional":true,"computed":true},"name":{"type":"string","description_kind":"plain","required":true},"port":{"type":"number","description_kind":"plain","optional":true},"tags":{"type":["set","string"],"description_kind":"plain","optional":true}},"description_kind":"plain"}}},"description_kind":"plain"}},"consul_certificate_authority":{"version":0,"block":{"attributes":{"config":{"type":["map","string"],"description_kind":"plain","required":true},"connect_provider":{"type":"string","description_kind":"plain","required":true},"id":{"type":"string","description_kind":"plain","optional":true,"computed":true}},"description_kind":"plain"}},"consul_config_entry":{"version":0,"block":{"attributes":{"config_json":{"type":"string","description_kind":"plain","optional":true},"id":{"type":"string","description_kind":"plain","optional":true,"computed":true},"kind":{"type":"string","description_kind":"plain","required":true},"name":{"type":"string","description_kind":"plain","required":true}},"description_kind":"plain"}},"consul_intention":{"version":0,"block":{"attributes":{"action":{"type":"string","description_kind":"plain","required":true},"datacenter":{"type":"string","description_kind":"plain","optional":true,"computed":true},"description":{"type":"string","description_kind":"plain","optional":true},"destination_name":{"type":"string","description_kind":"plain","required":true},"destination_namespace":{"type":"string","description_kind":"plain","optional":true},"id":{"type":"string","description_kind":"plain","optional":true,"computed":true},"meta":{"type":["map","string"],"description_kind":"plain","optional":true},"source_name":{"type":"string","description_kind":"plain","required":true},"source_namespace":{"type":"string","description_kind":"plain","optional":true}},"description_kind":"plain"}},"consul_key_prefix":{"version":0,"block":{"attributes":{"datacenter":{"type":"string","description_kind":"plain","optional":true,"computed":true},"id":{"type":"string","description_kind":"plain","optional":true,"computed":true},"namespace":{"type":"string","description_kind":"plain","optional":true},"path_prefix":{"type":"string","description_kind":"plain","required":true},"subkeys":{"type":["map","string"],"description_kind":"plain","optional":true},"token":{"type":"string","description_kind":"plain","optional":true,"sensitive":true}},"block_types":{"subkey":{"nesting_mode":"set","block":{"attributes":{"flags":{"type":"number","description_kind":"plain","optional":true},"path":{"type":"string","description_kind":"plain","required":true},"value":{"type":"string","description_kind":"plain","required":true}},"description_kind":"plain"}}},"description_kind":"plain"}},"consul_keys":{"version":1,"block":{"attributes":{"datacenter":{"type":"string","description_kind":"plain","optional":true,"computed":true},"id":{"type":"string","description_kind":"plain","optional":true,"computed":true},"namespace":{"type":"string","description_kind":"plain","optional":true},"token":{"type":"string","description_kind":"plain","optional":true,"sensitive":true},"var":{"type":["map","string"],"description_kind":"plain","computed":true}},"block_types":{"key":{"nesting_mode":"set","block":{"attributes":{"default":{"type":"string","description_kind":"plain","optional":true},"delete":{"type":"bool","description_kind":"plain","optional":true},"flags":{"type":"number","description_kind":"plain","optional":true},"name":{"type":"string","description_kind":"plain","optional":true},"path":{"type":"string","description_kind":"plain","required":true},"value":{"type":"string","description_kind":"plain","optional":true,"computed":true}},"description_kind":"plain"}}},"description_kind":"plain"}},"consul_license":{"version":0,"block":{"attributes":{"customer_id":{"type":"string","description_kind":"plain","computed":true},"datacenter":{"type":"string","description_kind":"plain","optional":true},"expiration_time":{"type":"string","description_kind":"plain","computed":true},"features":{"type":["list","string"],"description_kind":"plain","computed":true},"id":{"type":"string","description_kind":"plain","optional":true,"computed":true},"installation_id":{"type":"string","description_kind":"plain","computed":true},"issue_time":{"type":"string","description_kind":"plain","computed":true},"license":{"type":"string","description_kind":"plain","required":true,"sensitive":true},"license_id":{"type":"string","description_kind":"plain","computed":true},"product":{"type":"string","description_kind":"plain","computed":true},"start_time":{"type":"string","description_kind":"plain","computed":true},"valid":{"type":"bool","description_kind":"plain","computed":true},"warnings":{"type":["list","string"],"description_kind":"plain","computed":true}},"description_kind":"plain"}},"consul_namespace":{"version":0,"block":{"attributes":{"description":{"type":"string","description_kind":"plain","optional":true},"id":{"type":"string","description_kind":"plain","optional":true,"computed":true},"meta":{"type":["map","string"],"description_kind":"plain","optional":true},"name":{"type":"string","description_kind":"plain","required":true},"policy_defaults":{"type":["list","string"],"description_kind":"plain","optional":true},"role_defaults":{"type":["list","string"],"description_kind":"plain","optional":true}},"description_kind":"plain"}},"consul_network_area":{"version":0,"block":{"attributes":{"datacenter":{"type":"string","description_kind":"plain","optional":true,"computed":true},"id":{"type":"string","description_kind":"plain","optional":true,"computed":true},"peer_datacenter":{"type":"string","description_kind":"plain","required":true},"retry_join":{"type":["list","string"],"description_kind":"plain","optional":true},"token":{"type":"string","description_kind":"plain","optional":true,"sensitive":true},"use_tls":{"type":"bool","description_kind":"plain","optional":true}},"description_kind":"plain"}},"consul_node":{"version":0,"block":{"attributes":{"address":{"type":"string","description_kind":"plain","required":true},"datacenter":{"type":"string","description_kind":"plain","optional":true,"computed":true},"id":{"type":"string","description_kind":"plain","optional":true,"computed":true},"meta":{"type":["map","string"],"description_kind":"plain","optional":true},"name":{"type":"string","description_kind":"plain","required":true},"token":{"type":"string","description_kind":"plain","optional":true,"sensitive":true}},"description_kind":"plain"}},"consul_prepared_query":{"version":0,"block":{"attributes":{"connect":{"type":"bool","description_kind":"plain","optional":true},"datacenter":{"type":"string","description_kind":"plain","optional":true},"id":{"type":"string","description_kind":"plain","optional":true,"computed":true},"ignore_check_ids":{"type":["list","string"],"description_kind":"plain","optional":true},"name":{"type":"string","description_kind":"plain","required":true},"near":{"type":"string","description_kind":"plain","optional":true},"node_meta":{"type":["map","string"],"description_kind":"plain","optional":true},"only_passing":{"type":"bool","description_kind":"plain","optional":true},"service":{"type":"string","description_kind":"plain","required":true},"service_meta":{"type":["map","string"],"description_kind":"plain","optional":true},"session":{"type":"string","description_kind":"plain","optional":true},"stored_token":{"type":"string","description_kind":"plain","optional":true},"tags":{"type":["set","string"],"description_kind":"plain","optional":true},"token":{"type":"string","description_kind":"plain","optional":true,"sensitive":true}},"block_types":{"dns":{"nesting_mode":"list","block":{"attributes":{"ttl":{"type":"string","description_kind":"plain","optional":true}},"description_kind":"plain"},"max_items":1},"failover":{"nesting_mode":"list","block":{"attributes":{"datacenters":{"type":["list","string"],"description_kind":"plain","optional":true},"nearest_n":{"type":"number","description_kind":"plain","optional":true}},"description_kind":"plain"},"max_items":1},"template":{"nesting_mode":"list","block":{"attributes":{"regexp":{"type":"string","description_kind":"plain","required":true},"type":{"type":"string","description_kind":"plain","required":true}},"description_kind":"plain"},"max_items":1}},"description_kind":"plain"}},"consul_service":{"version":0,"block":{"attributes":{"address":{"type":"string","description_kind":"plain","optional":true,"computed":true},"datacenter":{"type":"string","description_kind":"plain","optional":true,"computed":true},"enable_tag_override":{"type":"bool","description_kind":"plain","optional":true},"external":{"type":"bool","description_kind":"plain","optional":true},"id":{"type":"string","description_kind":"plain","optional":true,"computed":true},"meta":{"type":["map","string"],"description_kind":"plain","optional":true},"name":{"type":"string","description_kind":"plain","required":true},"namespace":{"type":"string","description_kind":"plain","optional":true},"node":{"type":"string","description_kind":"plain","required":true},"port":{"type":"number","description_kind":"plain","optional":true},"service_id":{"type":"string","description_kind":"plain","optional":true,"computed":true},"tags":{"type":["list","string"],"description_kind":"plain","optional":true}},"block_types":{"check":{"nesting_mode":"set","block":{"attributes":{"check_id":{"type":"string","description_kind":"plain","required":true},"deregister_critical_service_after":{"type":"string","description_kind":"plain","optional":true},"http":{"type":"string","description_kind":"plain","optional":true},"interval":{"type":"string","description_kind":"plain","required":true},"method":{"type":"string","description_kind":"plain","optional":true},"name":{"type":"string","description_kind":"plain","required":true},"notes":{"type":"string","description_kind":"plain","optional":true},"status":{"type":"string","description_kind":"plain","optional":true,"computed":true},"tcp":{"type":"string","description_kind":"plain","optional":true},"timeout":{"type":"string","description_kind":"plain","required":true},"tls_skip_verify":{"type":"bool","description_kind":"plain","optional":true}},"block_types":{"header":{"nesting_mode":"set","block":{"attributes":{"name":{"type":"string","description_kind":"plain","required":true},"value":{"type":["list","string"],"description_kind":"plain","required":true}},"description_kind":"plain"}}},"description_kind":"plain"}}},"description_kind":"plain"}}},"data_source_schemas":{"consul_acl_auth_method":{"version":0,"block":{"attributes":{"config":{"type":["map","string"],"description_kind":"plain","computed":true},"config_json":{"type":"string","description":"The raw configuration for this ACL auth method.","description_kind":"plain","computed":true},"description":{"type":"string","description_kind":"plain","computed":true},"display_name":{"type":"string","description_kind":"plain","computed":true},"id":{"type":"string","description_kind":"plain","optional":true,"computed":true},"max_token_ttl":{"type":"string","description_kind":"plain","computed":true},"name":{"type":"string","description_kind":"plain","required":true},"namespace":{"type":"string","description_kind":"plain","optional":true},"namespace_rule":{"type":["list",["object",{"bind_namespace":"string","selector":"string"}]],"description_kind":"plain","computed":true},"token_locality":{"type":"string","description_kind":"plain","computed":true},"type":{"type":"string","description_kind":"plain","computed":true}},"description_kind":"plain"}},"consul_acl_policy":{"version":0,"block":{"attributes":{"datacenters":{"type":["list","string"],"description_kind":"plain","optional":true},"description":{"type":"string","description_kind":"plain","optional":true},"id":{"type":"string","description_kind":"plain","optional":true,"computed":true},"name":{"type":"string","description_kind":"plain","required":true},"namespace":{"type":"string","description_kind":"plain","optional":true},"rules":{"type":"string","description_kind":"plain","optional":true}},"description_kind":"plain"}},"consul_acl_role":{"version":0,"block":{"attributes":{"description":{"type":"string","description_kind":"plain","optional":true},"id":{"type":"string","description_kind":"plain","optional":true,"computed":true},"name":{"type":"string","description_kind":"plain","required":true},"namespace":{"type":"string","description_kind":"plain","optional":true}},"block_types":{"policies":{"nesting_mode":"list","block":{"attributes":{"id":{"type":"string","description_kind":"plain","computed":true},"name":{"type":"string","description_kind":"plain","computed":true}},"description_kind":"plain"}},"service_identities":{"nesting_mode":"list","block":{"attributes":{"datacenters":{"type":["set","string"],"description_kind":"plain","optional":true},"service_name":{"type":"string","description_kind":"plain","optional":true}},"description_kind":"plain"}}},"description_kind":"plain"}},"consul_acl_token":{"version":0,"block":{"attributes":{"accessor_id":{"type":"string","description_kind":"plain","required":true},"description":{"type":"string","description_kind":"plain","optional":true},"id":{"type":"string","description_kind":"plain","optional":true,"computed":true},"local":{"type":"bool","description_kind":"plain","optional":true},"namespace":{"type":"string","description_kind":"plain","optional":true}},"block_types":{"policies":{"nesting_mode":"list","block":{"attributes":{"id":{"type":"string","description_kind":"plain","computed":true},"name":{"type":"string","description_kind":"plain","computed":true}},"description_kind":"plain"}}},"description_kind":"plain"}},"consul_acl_token_secret_id":{"version":0,"block":{"attributes":{"accessor_id":{"type":"string","description_kind":"plain","required":true},"encrypted_secret_id":{"type":"string","description_kind":"plain","computed":true,"sensitive":true},"id":{"type":"string","description_kind":"plain","optional":true,"computed":true},"pgp_key":{"type":"string","description_kind":"plain","optional":true},"secret_id":{"type":"string","description_kind":"plain","computed":true,"sensitive":true}},"description_kind":"plain"}},"consul_agent_config":{"version":0,"block":{"attributes":{"datacenter":{"type":"string","description":"The datacenter the agent is running in","description_kind":"plain","computed":true},"id":{"type":"string","description_kind":"plain","optional":true,"computed":true},"node_id":{"type":"string","description":"The ID of the node the agent is running on","description_kind":"plain","computed":true},"node_name":{"type":"string","description":"The name of the node the agent is running on","description_kind":"plain","computed":true},"revision":{"type":"string","description":"The VCS revision of the build of Consul that is running","description_kind":"plain","computed":true},"server":{"type":"bool","description":"If the agent is a server or not","description_kind":"plain","computed":true},"version":{"type":"string","description":"The version of the build of Consul that is running","description_kind":"plain","computed":true}},"description_kind":"plain"}},"consul_agent_self":{"version":0,"block":{"attributes":{"acl_datacenter":{"type":"string","description_kind":"plain","computed":true},"acl_default_policy":{"type":"string","description_kind":"plain","computed":true},"acl_disabled_ttl":{"type":"string","description_kind":"plain","computed":true},"acl_down_policy":{"type":"string","description_kind":"plain","computed":true},"acl_enforce_0_8_semantics":{"type":"bool","description_kind":"plain","computed":true},"acl_ttl":{"type":"string","description_kind":"plain","computed":true},"addresses":{"type":["map","string"],"description_kind":"plain","computed":true},"advertise_addr":{"type":"string","description_kind":"plain","computed":true},"advertise_addr_wan":{"type":"string","description_kind":"plain","computed":true},"advertise_addrs":{"type":["map","string"],"description_kind":"plain","computed":true},"atlas_join":{"type":"bool","description_kind":"plain","computed":true},"bind_addr":{"type":"string","description_kind":"plain","computed":true},"bootstrap_expect":{"type":"number","description_kind":"plain","computed":true},"bootstrap_mode":{"type":"bool","description_kind":"plain","computed":true},"check_deregister_interval_min":{"type":"string","description_kind":"plain","computed":true},"check_reap_interval":{"type":"string","description_kind":"plain","computed":true},"check_update_interval":{"type":"string","description_kind":"plain","computed":true},"client_addr":{"type":"string","description_kind":"plain","computed":true},"data_dir":{"type":"string","description_kind":"plain","computed":true},"datacenter":{"type":"string","description_kind":"plain","computed":true},"dev_mode":{"type":"bool","description_kind":"plain","computed":true},"dns":{"type":["map","string"],"description_kind":"plain","computed":true},"dns_recursors":{"type":["list","string"],"description_kind":"plain","computed":true},"domain":{"type":"string","description_kind":"plain","computed":true},"enable_anonymous_signature":{"type":"bool","description_kind":"plain","computed":true},"enable_coordinates":{"type":"bool","description_kind":"plain","computed":true},"enable_debug":{"type":"bool","description_kind":"plain","computed":true},"enable_remote_exec":{"type":"bool","description_kind":"plain","computed":true},"enable_syslog":{"type":"bool","description_kind":"plain","computed":true},"enable_ui":{"type":"bool","description_kind":"plain","computed":true},"enable_update_check":{"type":"bool","description_kind":"plain","computed":true},"id":{"type":"string","description_kind":"plain","computed":true},"leave_on_int":{"type":"bool","description_kind":"plain","computed":true},"leave_on_term":{"type":"bool","description_kind":"plain","computed":true},"log_level":{"type":"string","description_kind":"plain","computed":true},"name":{"type":"string","description_kind":"plain","computed":true},"performance":{"type":["map","string"],"description_kind":"plain","computed":true},"pid_file":{"type":"string","description_kind":"plain","computed":true},"ports":{"type":["map","number"],"description_kind":"plain","computed":true},"protocol_version":{"type":"number","description_kind":"plain","computed":true},"reconnect_timeout_lan":{"type":"string","description_kind":"plain","computed":true},"reconnect_timeout_wan":{"type":"string","description_kind":"plain","computed":true},"rejoin_after_leave":{"type":"bool","description_kind":"plain","computed":true},"retry_join":{"type":["list","string"],"description_kind":"plain","computed":true},"retry_join_ec2":{"type":["map","string"],"description_kind":"plain","computed":true},"retry_join_gce":{"type":["map","string"],"description_kind":"plain","computed":true},"retry_join_wan":{"type":["list","string"],"description_kind":"plain","computed":true},"retry_max_attempts":{"type":"number","description_kind":"plain","computed":true},"retry_max_attempts_wan":{"type":"number","description_kind":"plain","computed":true},"serf_lan_bind_addr":{"type":"string","description_kind":"plain","computed":true},"serf_wan_bind_addr":{"type":"string","description_kind":"plain","computed":true},"server_mode":{"type":"bool","description_kind":"plain","computed":true},"server_name":{"type":"string","description_kind":"plain","computed":true},"session_ttl_min":{"type":"string","description_kind":"plain","computed":true},"start_join":{"type":["list","string"],"description_kind":"plain","computed":true},"start_join_wan":{"type":["list","string"],"description_kind":"plain","computed":true},"syslog_facility":{"type":"string","description_kind":"plain","computed":true},"tagged_addresses":{"type":["map","string"],"description_kind":"plain","computed":true},"telemetry":{"type":["map","string"],"description_kind":"plain","computed":true},"tls_ca_file":{"type":"string","description_kind":"plain","computed":true},"tls_cert_file":{"type":"string","description_kind":"plain","computed":true},"tls_key_file":{"type":"string","description_kind":"plain","computed":true},"tls_min_version":{"type":"string","description_kind":"plain","computed":true},"tls_verify_incoming":{"type":"bool","description_kind":"plain","computed":true},"tls_verify_outgoing":{"type":"bool","description_kind":"plain","computed":true},"tls_verify_server_hostname":{"type":"bool","description_kind":"plain","computed":true},"translate_wan_addrs":{"type":"bool","description_kind":"plain","computed":true},"ui_dir":{"type":"string","description_kind":"plain","computed":true},"unix_sockets":{"type":["map","string"],"description_kind":"plain","computed":true},"version":{"type":"string","description_kind":"plain","computed":true},"version_prerelease":{"type":"string","description_kind":"plain","computed":true},"version_revision":{"type":"string","description_kind":"plain","computed":true}},"description_kind":"plain"}},"consul_autopilot_health":{"version":0,"block":{"attributes":{"datacenter":{"type":"string","description_kind":"plain","optional":true},"failure_tolerance":{"type":"number","description_kind":"plain","computed":true},"healthy":{"type":"bool","description_kind":"plain","computed":true},"id":{"type":"string","description_kind":"plain","optional":true,"computed":true},"servers":{"type":["list",["object",{"address":"string","healthy":"bool","id":"string","last_contact":"string","last_index":"number","last_term":"number","leader":"bool","name":"string","serf_status":"string","stable_since":"string","version":"string","voter":"bool"}]],"description_kind":"plain","computed":true}},"description_kind":"plain"}},"consul_catalog_nodes":{"version":0,"block":{"attributes":{"datacenter":{"type":"string","description_kind":"plain","computed":true},"id":{"type":"string","description_kind":"plain","optional":true,"computed":true},"node_ids":{"type":["list","string"],"description_kind":"plain","computed":true},"node_names":{"type":["list","string"],"description_kind":"plain","computed":true},"nodes":{"type":["list",["object",{"address":"string","id":"string","meta":["map","string"],"name":"string","tagged_addresses":["map","string"]}]],"description_kind":"plain","computed":true}},"block_types":{"query_options":{"nesting_mode":"set","block":{"attributes":{"allow_stale":{"type":"bool","description_kind":"plain","optional":true},"datacenter":{"type":"string","description_kind":"plain","optional":true},"near":{"type":"string","description_kind":"plain","optional":true},"node_meta":{"type":["map","string"],"description_kind":"plain","optional":true},"require_consistent":{"type":"bool","description_kind":"plain","optional":true},"token":{"type":"string","description_kind":"plain","optional":true,"sensitive":true},"wait_index":{"type":"number","description_kind":"plain","optional":true},"wait_time":{"type":"string","description_kind":"plain","optional":true}},"description_kind":"plain"}}},"description_kind":"plain"}},"consul_catalog_service":{"version":0,"block":{"attributes":{"datacenter":{"type":"string","description_kind":"plain","optional":true},"filter":{"type":"string","description_kind":"plain","optional":true},"id":{"type":"string","description_kind":"plain","optional":true,"computed":true},"name":{"type":"string","description_kind":"plain","required":true},"service":{"type":["list",["object",{"address":"string","create_index":"string","enable_tag_override":"string","id":"string","meta":["map","string"],"modify_index":"string","name":"string","node_address":"string","node_id":"string","node_meta":["map","string"],"node_name":"string","port":"string","tagged_addresses":["map","string"],"tags":["list","string"]}]],"description_kind":"plain","computed":true},"tag":{"type":"string","description_kind":"plain","optional":true}},"block_types":{"query_options":{"nesting_mode":"set","block":{"attributes":{"allow_stale":{"type":"bool","description_kind":"plain","optional":true},"datacenter":{"type":"string","description_kind":"plain","optional":true},"namespace":{"type":"string","description_kind":"plain","optional":true},"near":{"type":"string","description_kind":"plain","optional":true},"node_meta":{"type":["map","string"],"description_kind":"plain","optional":true},"require_consistent":{"type":"bool","description_kind":"plain","optional":true},"token":{"type":"string","description_kind":"plain","optional":true,"sensitive":true},"wait_index":{"type":"number","description_kind":"plain","optional":true},"wait_time":{"type":"string","description_kind":"plain","optional":true}},"description_kind":"plain"}}},"description_kind":"plain"}},"consul_catalog_services":{"version":0,"block":{"attributes":{"datacenter":{"type":"string","description_kind":"plain","computed":true},"id":{"type":"string","description_kind":"plain","optional":true,"computed":true},"names":{"type":["list","string"],"description_kind":"plain","computed":true},"services":{"type":["map","string"],"description_kind":"plain","computed":true}},"block_types":{"query_options":{"nesting_mode":"set","block":{"attributes":{"allow_stale":{"type":"bool","description_kind":"plain","optional":true},"datacenter":{"type":"string","description_kind":"plain","optional":true},"namespace":{"type":"string","description_kind":"plain","optional":true},"near":{"type":"string","description_kind":"plain","optional":true},"node_meta":{"type":["map","string"],"description_kind":"plain","optional":true},"require_consistent":{"type":"bool","description_kind":"plain","optional":true},"token":{"type":"string","description_kind":"plain","optional":true,"sensitive":true},"wait_index":{"type":"number","description_kind":"plain","optional":true},"wait_time":{"type":"string","description_kind":"plain","optional":true}},"description_kind":"plain"}}},"description_kind":"plain"}},"consul_key_prefix":{"version":0,"block":{"attributes":{"datacenter":{"type":"string","description_kind":"plain","optional":true,"computed":true},"id":{"type":"string","description_kind":"plain","optional":true,"computed":true},"namespace":{"type":"string","description_kind":"plain","optional":true},"path_prefix":{"type":"string","description_kind":"plain","required":true},"subkeys":{"type":["map","string"],"description_kind":"plain","computed":true},"token":{"type":"string","description_kind":"plain","optional":true,"sensitive":true},"var":{"type":["map","string"],"description_kind":"plain","computed":true}},"block_types":{"subkey":{"nesting_mode":"set","block":{"attributes":{"default":{"type":"string","description_kind":"plain","optional":true},"name":{"type":"string","description_kind":"plain","required":true},"path":{"type":"string","description_kind":"plain","required":true}},"description_kind":"plain"}}},"description_kind":"plain"}},"consul_keys":{"version":1,"block":{"attributes":{"datacenter":{"type":"string","description_kind":"plain","optional":true,"computed":true},"id":{"type":"string","description_kind":"plain","optional":true,"computed":true},"namespace":{"type":"string","description_kind":"plain","optional":true},"token":{"type":"string","description_kind":"plain","optional":true,"sensitive":true},"var":{"type":["map","string"],"description_kind":"plain","computed":true}},"block_types":{"key":{"nesting_mode":"set","block":{"attributes":{"default":{"type":"string","description_kind":"plain","optional":true},"name":{"type":"string","description_kind":"plain","required":true},"path":{"type":"string","description_kind":"plain","required":true}},"description_kind":"plain"}}},"description_kind":"plain"}},"consul_network_area_members":{"version":0,"block":{"attributes":{"datacenter":{"type":"string","description_kind":"plain","optional":true,"computed":true},"id":{"type":"string","description_kind":"plain","optional":true,"computed":true},"members":{"type":["list",["object",{"address":"string","build":"string","datacenter":"string","id":"string","name":"string","port":"number","protocol":"number","role":"string","rtt":"number","status":"string"}]],"description_kind":"plain","computed":true},"token":{"type":"string","description_kind":"plain","optional":true,"sensitive":true},"uuid":{"type":"string","description_kind":"plain","required":true}},"description_kind":"plain"}},"consul_network_segments":{"version":0,"block":{"attributes":{"datacenter":{"type":"string","description_kind":"plain","optional":true,"computed":true},"id":{"type":"string","description_kind":"plain","optional":true,"computed":true},"segments":{"type":["list","string"],"description_kind":"plain","computed":true},"token":{"type":"string","description_kind":"plain","optional":true,"sensitive":true}},"description_kind":"plain"}},"consul_nodes":{"version":0,"block":{"attributes":{"datacenter":{"type":"string","description_kind":"plain","computed":true},"id":{"type":"string","description_kind":"plain","optional":true,"computed":true},"node_ids":{"type":["list","string"],"description_kind":"plain","computed":true},"node_names":{"type":["list","string"],"description_kind":"plain","computed":true},"nodes":{"type":["list",["object",{"address":"string","id":"string","meta":["map","string"],"name":"string","tagged_addresses":["map","string"]}]],"description_kind":"plain","computed":true}},"block_types":{"query_options":{"nesting_mode":"set","block":{"attributes":{"allow_stale":{"type":"bool","description_kind":"plain","optional":true},"datacenter":{"type":"string","description_kind":"plain","optional":true},"near":{"type":"string","description_kind":"plain","optional":true},"node_meta":{"type":["map","string"],"description_kind":"plain","optional":true},"require_consistent":{"type":"bool","description_kind":"plain","optional":true},"token":{"type":"string","description_kind":"plain","optional":true,"sensitive":true},"wait_index":{"type":"number","description_kind":"plain","optional":true},"wait_time":{"type":"string","description_kind":"plain","optional":true}},"description_kind":"plain"}}},"description_kind":"plain"}},"consul_service":{"version":0,"block":{"attributes":{"datacenter":{"type":"string","description_kind":"plain","optional":true},"filter":{"type":"string","description_kind":"plain","optional":true},"id":{"type":"string","description_kind":"plain","optional":true,"computed":true},"name":{"type":"string","description_kind":"plain","required":true},"service":{"type":["list",["object",{"address":"string","create_index":"string","enable_tag_override":"string","id":"string","meta":["map","string"],"modify_index":"string","name":"string","node_address":"string","node_id":"string","node_meta":["map","string"],"node_name":"string","port":"string","tagged_addresses":["map","string"],"tags":["list","string"]}]],"description_kind":"plain","computed":true},"tag":{"type":"string","description_kind":"plain","optional":true}},"block_types":{"query_options":{"nesting_mode":"set","block":{"attributes":{"allow_stale":{"type":"bool","description_kind":"plain","optional":true},"datacenter":{"type":"string","description_kind":"plain","optional":true},"namespace":{"type":"string","description_kind":"plain","optional":true},"near":{"type":"string","description_kind":"plain","optional":true},"node_meta":{"type":["map","string"],"description_kind":"plain","optional":true},"require_consistent":{"type":"bool","description_kind":"plain","optional":true},"token":{"type":"string","description_kind":"plain","optional":true,"sensitive":true},"wait_index":{"type":"number","description_kind":"plain","optional":true},"wait_time":{"type":"string","description_kind":"plain","optional":true}},"description_kind":"plain"}}},"description_kind":"plain"}},"consul_service_health":{"version":0,"block":{"attributes":{"datacenter":{"type":"string","description_kind":"plain","optional":true},"filter":{"type":"string","description_kind":"plain","optional":true},"id":{"type":"string","description_kind":"plain","optional":true,"computed":true},"name":{"type":"string","description_kind":"plain","required":true},"near":{"type":"string","description_kind":"plain","optional":true},"node_meta":{"type":["map","string"],"description_kind":"plain","optional":true},"passing":{"type":"bool","description_kind":"plain","optional":true},"results":{"type":["list",["object",{"checks":["list",["object",{"id":"string","name":"string","node":"string","notes":"string","output":"string","service_id":"string","service_name":"string","service_tags":["list","string"],"status":"string"}]],"node":["list",["object",{"address":"string","datacenter":"string","id":"string","meta":["map","string"],"name":"string","tagged_addresses":["map","string"]}]],"service":["list",["object",{"address":"string","id":"string","meta":["map","string"],"name":"string","port":"number","tags":["list","string"]}]]}]],"description_kind":"plain","computed":true},"tag":{"type":"string","description_kind":"plain","optional":true},"wait_for":{"type":"string","description_kind":"plain","optional":true}},"description_kind":"plain"}},"consul_services":{"version":0,"block":{"attributes":{"datacenter":{"type":"string","description_kind":"plain","computed":true},"id":{"type":"string","description_kind":"plain","optional":true,"computed":true},"names":{"type":["list","string"],"description_kind":"plain","computed":true},"services":{"type":["map","string"],"description_kind":"plain","computed":true}},"block_types":{"query_options":{"nesting_mode":"set","block":{"attributes":{"allow_stale":{"type":"bool","description_kind":"plain","optional":true},"datacenter":{"type":"string","description_kind":"plain","optional":true},"namespace":{"type":"string","description_kind":"plain","optional":true},"near":{"type":"string","description_kind":"plain","optional":true},"node_meta":{"type":["map","string"],"description_kind":"plain","optional":true},"require_consistent":{"type":"bool","description_kind":"plain","optional":true},"token":{"type":"string","description_kind":"plain","optional":true,"sensitive":true},"wait_index":{"type":"number","description_kind":"plain","optional":true},"wait_time":{"type":"string","description_kind":"plain","optional":true}},"description_kind":"plain"}}},"description_kind":"plain"}}}}}}
