{"format_version":"0.1","provider_schemas":{"registry.terraform.io/linode/linode":{"provider":{"version":0,"block":{"attributes":{"api_version":{"type":"string","description":"An HTTP User-Agent Prefix to prepend in API requests.","description_kind":"plain","optional":true},"token":{"type":"string","description":"The token that allows you access to your Linode account","description_kind":"plain","required":true},"ua_prefix":{"type":"string","description":"An HTTP User-Agent Prefix to prepend in API requests.","description_kind":"plain","optional":true},"url":{"type":"string","description":"The HTTP(S) API address of the Linode API to use.","description_kind":"plain","optional":true}},"description_kind":"plain"}},"resource_schemas":{"linode_domain":{"version":0,"block":{"attributes":{"axfr_ips":{"type":["set","string"],"description":"The list of IPs that may perform a zone transfer for this Domain. This is potentially dangerous, and should be set to an empty list unless you intend to use it.","description_kind":"plain","optional":true},"description":{"type":"string","description":"A description for this Domain. This is for display purposes only.","description_kind":"plain","optional":true},"domain":{"type":"string","description":"The domain this Domain represents. These must be unique in our system; you cannot have two Domains representing the same domain.","description_kind":"plain","required":true},"expire_sec":{"type":"number","description":"The amount of time in seconds that may pass before this Domain is no longer authoritative. Valid values are 0, 00, 3600, 7200, 14400, 28800, 57600, 86400, 172800, 345600, 604800, 1209600, and 2419200 - any other value will be rounded to the nearest valid value.","description_kind":"plain","optional":true},"group":{"type":"string","description":"The group this Domain belongs to. This is for display purposes only.","description_kind":"plain","optional":true},"id":{"type":"string","description_kind":"plain","optional":true,"computed":true},"master_ips":{"type":["set","string"],"description":"The IP addresses representing the master DNS for this Domain.","description_kind":"plain","optional":true},"refresh_sec":{"type":"number","description":"The amount of time in seconds before this Domain should be refreshed. Valid values are 0, 300, 3600, 7200, 14400, 28800, 57600, 86400, 172800, 345600, 604800, 1209600, and 2419200 - any other value will be rounded to the nearest valid value.","description_kind":"plain","optional":true},"retry_sec":{"type":"number","description":"The interval, in seconds, at which a failed refresh should be retried. Valid values are 0, 300, 3600, 7200, 14400, 28800, 57600, 86400, 172800, 345600, 604800, 1209600, and 2419200 - any other value will be rounded to the nearest valid value.","description_kind":"plain","optional":true},"soa_email":{"type":"string","description":"Start of Authority email address. This is required for master Domains.","description_kind":"plain","optional":true},"status":{"type":"string","description":"Used to control whether this Domain is currently being rendered.","description_kind":"plain","optional":true,"computed":true},"tags":{"type":["set","string"],"description":"An array of tags applied to this object. Tags are for organizational purposes only.","description_kind":"plain","optional":true},"ttl_sec":{"type":"number","description":"'Time to Live' - the amount of time in seconds that this Domain's records may be cached by resolvers or other domain servers. Valid values are 0, 300, 3600, 7200, 14400, 28800, 57600, 86400, 172800, 345600, 604800, 1209600, and 2419200 - any other value will be rounded to the nearest valid value.","description_kind":"plain","optional":true},"type":{"type":"string","description":"If this Domain represents the authoritative source of information for the domain it describes, or if it is a read-only copy of a master (also called a slave).","description_kind":"plain","required":true}},"description_kind":"plain"}},"linode_domain_record":{"version":0,"block":{"attributes":{"domain_id":{"type":"number","description":"The ID of the Domain to access.","description_kind":"plain","required":true},"id":{"type":"string","description_kind":"plain","optional":true,"computed":true},"name":{"type":"string","description":"The name of this Record. This field's actual usage depends on the type of record this represents. For A and AAAA records, this is the subdomain being associated with an IP address. Generated for SRV records.","description_kind":"plain","optional":true,"computed":true},"port":{"type":"number","description":"The port this Record points to.","description_kind":"plain","optional":true},"priority":{"type":"number","description":"The priority of the target host. Lower values are preferred.","description_kind":"plain","optional":true},"protocol":{"type":"string","description":"The protocol this Record's service communicates with. Only valid for SRV records.","description_kind":"plain","optional":true},"record_type":{"type":"string","description":"The type of Record this is in the DNS system. For example, A records associate a domain name with an IPv4 address, and AAAA records associate a domain name with an IPv6 address.","description_kind":"plain","required":true},"service":{"type":"string","description":"The service this Record identified. Only valid for SRV records.","description_kind":"plain","optional":true},"tag":{"type":"string","description":"The tag portion of a CAA record. It is invalid to set this on other record types.","description_kind":"plain","optional":true},"target":{"type":"string","description":"The target for this Record. This field's actual usage depends on the type of record this represents. For A and AAAA records, this is the address the named Domain should resolve to.","description_kind":"plain","required":true},"ttl_sec":{"type":"number","description":"'Time to Live' - the amount of time in seconds that this Domain's records may be cached by resolvers or other domain servers. Valid values are 0, 300, 3600, 7200, 14400, 28800, 57600, 86400, 172800, 345600, 604800, 1209600, and 2419200 - any other value will be rounded to the nearest valid value.","description_kind":"plain","optional":true},"weight":{"type":"number","description":"The relative weight of this Record. Higher values are preferred.","description_kind":"plain","optional":true}},"description_kind":"plain"}},"linode_firewall":{"version":0,"block":{"attributes":{"devices":{"type":["list",["object",{"entity_id":"number","id":"number","label":"string","type":"string","url":"string"}]],"description":"The devices associated with this firewall.","description_kind":"plain","computed":true},"disabled":{"type":"bool","description":"If true, the Firewall is inactive.","description_kind":"plain","optional":true},"id":{"type":"string","description_kind":"plain","optional":true,"computed":true},"label":{"type":"string","description":"The label for the Firewall. For display purposes only. If no label is provided, a default will be assigned.","description_kind":"plain","optional":true,"computed":true},"linodes":{"type":["set","number"],"description":"The IDs of Linodes to apply this firewall to.","description_kind":"plain","required":true},"status":{"type":"string","description":"The status of the firewall.","description_kind":"plain","computed":true},"tags":{"type":["set","string"],"description":"An array of tags applied to this object. Tags are for organizational purposes only.","description_kind":"plain","optional":true}},"block_types":{"inbound":{"nesting_mode":"list","block":{"attributes":{"addresses":{"type":["set","string"],"description":"A list of IP addresses, CIDR blocks, or 0.0.0.0/0 (to allow all) this rule applies to.","description_kind":"plain","required":true},"ports":{"type":["set","string"],"description":"A list of ports and/or port ranges (i.e. \"443\" or \"80-90\").","description_kind":"plain","required":true},"protocol":{"type":"string","description":"The network protocol this rule controls.","description_kind":"plain","required":true}},"description":"A firewall rule that specifies what inbound network traffic is allowed.","description_kind":"plain"}},"outbound":{"nesting_mode":"list","block":{"attributes":{"addresses":{"type":["set","string"],"description":"A list of IP addresses, CIDR blocks, or 0.0.0.0/0 (to allow all) this rule applies to.","description_kind":"plain","required":true},"ports":{"type":["set","string"],"description":"A list of ports and/or port ranges (i.e. \"443\" or \"80-90\").","description_kind":"plain","required":true},"protocol":{"type":"string","description":"The network protocol this rule controls.","description_kind":"plain","required":true}},"description":"A firewall rule that specifies what outbound network traffic is allowed.","description_kind":"plain"}}},"description_kind":"plain"}},"linode_image":{"version":0,"block":{"attributes":{"created":{"type":"string","description":"When this Image was created.","description_kind":"plain","computed":true},"created_by":{"type":"string","description":"The name of the User who created this Image.","description_kind":"plain","computed":true},"deprecated":{"type":"bool","description":"Whether or not this Image is deprecated. Will only be True for deprecated public Images.","description_kind":"plain","computed":true},"description":{"type":"string","description":"A detailed description of this Image.","description_kind":"plain","optional":true},"disk_id":{"type":"number","description":"The ID of the Linode Disk that this Image will be created from.","description_kind":"plain","required":true},"expiry":{"type":"string","description":"Only Images created automatically (from a deleted Linode; type=automatic) will expire.","description_kind":"plain","computed":true},"id":{"type":"string","description_kind":"plain","optional":true,"computed":true},"is_public":{"type":"bool","description":"True if the Image is public.","description_kind":"plain","computed":true},"label":{"type":"string","description":"A short description of the Image. Labels cannot contain special characters.","description_kind":"plain","required":true},"linode_id":{"type":"number","description":"The ID of the Linode that this Image will be created from.","description_kind":"plain","required":true},"size":{"type":"number","description":"The minimum size this Image needs to deploy. Size is in MB.","description_kind":"plain","computed":true},"type":{"type":"string","description":"How the Image was created. 'Manual' Images can be created at any time. 'Automatic' images are created automatically from a deleted Linode.","description_kind":"plain","computed":true},"vendor":{"type":"string","description":"The upstream distribution vendor. Nil for private Images.","description_kind":"plain","computed":true}},"block_types":{"timeouts":{"nesting_mode":"single","block":{"attributes":{"create":{"type":"string","description_kind":"plain","optional":true}},"description_kind":"plain"}}},"description_kind":"plain"}},"linode_instance":{"version":0,"block":{"attributes":{"authorized_keys":{"type":["list","string"],"description":"A list of SSH public keys to deploy for the root user on the newly created Linode. Only accepted if 'image' is provided.","description_kind":"plain","optional":true},"authorized_users":{"type":["list","string"],"description":"A list of Linode usernames. If the usernames have associated SSH keys, the keys will be appended to the `root` user's `~/.ssh/authorized_keys` file automatically. Only accepted if 'image' is provided.","description_kind":"plain","optional":true},"backup_id":{"type":"number","description":"A Backup ID from another Linode's available backups. Your User must have read_write access to that Linode, the Backup must have a status of successful, and the Linode must be deployed to the same region as the Backup. See /linode/instances/{linodeId}/backups for a Linode's available backups. This field and the image field are mutually exclusive.","description_kind":"plain","optional":true},"backups":{"type":["list",["object",{"enabled":"bool","schedule":["list",["object",{"day":"string","window":"string"}]]}]],"description":"Information about this Linode's backups status.","description_kind":"plain","computed":true},"backups_enabled":{"type":"bool","description":"If this field is set to true, the created Linode will automatically be enrolled in the Linode Backup service. This will incur an additional charge. The cost for the Backup service is dependent on the Type of Linode deployed.","description_kind":"plain","optional":true,"computed":true},"boot_config_label":{"type":"string","description":"The Label of the Instance Config that should be used to boot the Linode instance.","description_kind":"plain","optional":true,"computed":true},"group":{"type":"string","description":"The display group of the Linode instance.","description_kind":"plain","optional":true},"id":{"type":"string","description_kind":"plain","optional":true,"computed":true},"image":{"type":"string","description":"An Image ID to deploy the Disk from. Official Linode Images start with linode/, while your Images start with private/. See /images for more information on the Images available for you to use.","description_kind":"plain","optional":true},"ip_address":{"type":"string","description":"This Linode's Public IPv4 Address. If there are multiple public IPv4 addresses on this Instance, an arbitrary address will be used for this field.","description_kind":"plain","computed":true},"ipv4":{"type":["set","string"],"description":"This Linode's IPv4 Addresses. Each Linode is assigned a single public IPv4 address upon creation, and may get a single private IPv4 address if needed. You may need to open a support ticket to get additional IPv4 addresses.","description_kind":"plain","computed":true},"ipv6":{"type":"string","description":"This Linode's IPv6 SLAAC addresses. This address is specific to a Linode, and may not be shared.","description_kind":"plain","computed":true},"label":{"type":"string","description":"The Linode's label is for display purposes only. If no label is provided for a Linode, a default will be assigned","description_kind":"plain","optional":true,"computed":true},"private_ip":{"type":"bool","description":"If true, the created Linode will have private networking enabled, allowing use of the 192.168.128.0/17 network within the Linode's region.","description_kind":"plain","optional":true},"private_ip_address":{"type":"string","description":"This Linode's Private IPv4 Address.  The regional private IP address range is 192.168.128/17 address shared by all Linode Instances in a region.","description_kind":"plain","computed":true},"region":{"type":"string","description":"This is the location where the Linode was deployed. This cannot be changed without opening a support ticket.","description_kind":"plain","required":true},"root_pass":{"type":"string","description":"The password that will be initialially assigned to the 'root' user account.","description_kind":"plain","optional":true,"sensitive":true},"specs":{"type":["list",["object",{"disk":"number","memory":"number","transfer":"number","vcpus":"number"}]],"description_kind":"plain","computed":true},"stackscript_data":{"type":["map","string"],"description":"An object containing responses to any User Defined Fields present in the StackScript being deployed to this Linode. Only accepted if 'stackscript_id' is given. The required values depend on the StackScript being deployed.","description_kind":"plain","optional":true,"sensitive":true},"stackscript_id":{"type":"number","description":"The StackScript to deploy to the newly created Linode. If provided, 'image' must also be provided, and must be an Image that is compatible with this StackScript.","description_kind":"plain","optional":true},"status":{"type":"string","description":"The status of the instance, indicating the current readiness state.","description_kind":"plain","computed":true},"swap_size":{"type":"number","description":"When deploying from an Image, this field is optional with a Linode API default of 512mb, otherwise it is ignored. This is used to set the swap disk size for the newly-created Linode.","description_kind":"plain","optional":true,"computed":true},"tags":{"type":["set","string"],"description":"An array of tags applied to this object. Tags are for organizational purposes only.","description_kind":"plain","optional":true},"type":{"type":"string","description":"The type of instance to be deployed, determining the price and size.","description_kind":"plain","optional":true},"watchdog_enabled":{"type":"bool","description":"The watchdog, named Lassie, is a Shutdown Watchdog that monitors your Linode and will reboot it if it powers off unexpectedly. It works by issuing a boot job when your Linode powers off without a shutdown job being responsible. To prevent a loop, Lassie will give up if there have been more than 5 boot jobs issued within 15 minutes.","description_kind":"plain","optional":true}},"block_types":{"alerts":{"nesting_mode":"list","block":{"attributes":{"cpu":{"type":"number","description":"The percentage of CPU usage required to trigger an alert. If the average CPU usage over two hours exceeds this value, we'll send you an alert. If this is set to 0, the alert is disabled.","description_kind":"plain","optional":true,"computed":true},"io":{"type":"number","description":"The amount of disk IO operation per second required to trigger an alert. If the average disk IO over two hours exceeds this value, we'll send you an alert. If set to 0, this alert is disabled.","description_kind":"plain","optional":true,"computed":true},"network_in":{"type":"number","description":"The amount of incoming traffic, in Mbit/s, required to trigger an alert. If the average incoming traffic over two hours exceeds this value, we'll send you an alert. If this is set to 0 (zero), the alert is disabled.","description_kind":"plain","optional":true,"computed":true},"network_out":{"type":"number","description":"The amount of outbound traffic, in Mbit/s, required to trigger an alert. If the average outbound traffic over two hours exceeds this value, we'll send you an alert. If this is set to 0 (zero), the alert is disabled.","description_kind":"plain","optional":true,"computed":true},"transfer_quota":{"type":"number","description":"The percentage of network transfer that may be used before an alert is triggered. When this value is exceeded, we'll alert you. If this is set to 0 (zero), the alert is disabled.","description_kind":"plain","optional":true,"computed":true}},"description_kind":"plain"},"max_items":1},"config":{"nesting_mode":"list","block":{"attributes":{"comments":{"type":"string","description":"Optional field for arbitrary User comments on this Config.","description_kind":"plain","optional":true},"kernel":{"type":"string","description":"A Kernel ID to boot a Linode with. Default is based on image choice. (examples: linode/latest-64bit, linode/grub2, linode/direct-disk)","description_kind":"plain","optional":true},"label":{"type":"string","description":"The Config's label for display purposes.  Also used by `boot_config_label`.","description_kind":"plain","required":true},"memory_limit":{"type":"number","description":"Defaults to the total RAM of the Linode","description_kind":"plain","optional":true},"root_device":{"type":"string","description":"The root device to boot. The corresponding disk must be attached.","description_kind":"plain","optional":true,"computed":true},"run_level":{"type":"string","description":"Defines the state of your Linode after booting. Defaults to default.","description_kind":"plain","optional":true},"virt_mode":{"type":"string","description":"Controls the virtualization mode. Defaults to paravirt.","description_kind":"plain","optional":true}},"block_types":{"devices":{"nesting_mode":"list","block":{"block_types":{"sda":{"nesting_mode":"list","block":{"attributes":{"disk_id":{"type":"number","description":"The Disk ID to map to this disk slot","description_kind":"plain","optional":true,"computed":true},"disk_label":{"type":"string","description":"The `label` of the `disk` to map to this `device` slot.","description_kind":"plain","optional":true},"volume_id":{"type":"number","description":"The Block Storage volume ID to map to this disk slot","description_kind":"plain","optional":true}},"description_kind":"plain"},"max_items":1},"sdb":{"nesting_mode":"list","block":{"attributes":{"disk_id":{"type":"number","description":"The Disk ID to map to this disk slot","description_kind":"plain","optional":true,"computed":true},"disk_label":{"type":"string","description":"The `label` of the `disk` to map to this `device` slot.","description_kind":"plain","optional":true},"volume_id":{"type":"number","description":"The Block Storage volume ID to map to this disk slot","description_kind":"plain","optional":true}},"description_kind":"plain"},"max_items":1},"sdc":{"nesting_mode":"list","block":{"attributes":{"disk_id":{"type":"number","description":"The Disk ID to map to this disk slot","description_kind":"plain","optional":true,"computed":true},"disk_label":{"type":"string","description":"The `label` of the `disk` to map to this `device` slot.","description_kind":"plain","optional":true},"volume_id":{"type":"number","description":"The Block Storage volume ID to map to this disk slot","description_kind":"plain","optional":true}},"description_kind":"plain"},"max_items":1},"sdd":{"nesting_mode":"list","block":{"attributes":{"disk_id":{"type":"number","description":"The Disk ID to map to this disk slot","description_kind":"plain","optional":true,"computed":true},"disk_label":{"type":"string","description":"The `label` of the `disk` to map to this `device` slot.","description_kind":"plain","optional":true},"volume_id":{"type":"number","description":"The Block Storage volume ID to map to this disk slot","description_kind":"plain","optional":true}},"description_kind":"plain"},"max_items":1},"sde":{"nesting_mode":"list","block":{"attributes":{"disk_id":{"type":"number","description":"The Disk ID to map to this disk slot","description_kind":"plain","optional":true,"computed":true},"disk_label":{"type":"string","description":"The `label` of the `disk` to map to this `device` slot.","description_kind":"plain","optional":true},"volume_id":{"type":"number","description":"The Block Storage volume ID to map to this disk slot","description_kind":"plain","optional":true}},"description_kind":"plain"},"max_items":1},"sdf":{"nesting_mode":"list","block":{"attributes":{"disk_id":{"type":"number","description":"The Disk ID to map to this disk slot","description_kind":"plain","optional":true,"computed":true},"disk_label":{"type":"string","description":"The `label` of the `disk` to map to this `device` slot.","description_kind":"plain","optional":true},"volume_id":{"type":"number","description":"The Block Storage volume ID to map to this disk slot","description_kind":"plain","optional":true}},"description_kind":"plain"},"max_items":1},"sdg":{"nesting_mode":"list","block":{"attributes":{"disk_id":{"type":"number","description":"The Disk ID to map to this disk slot","description_kind":"plain","optional":true,"computed":true},"disk_label":{"type":"string","description":"The `label` of the `disk` to map to this `device` slot.","description_kind":"plain","optional":true},"volume_id":{"type":"number","description":"The Block Storage volume ID to map to this disk slot","description_kind":"plain","optional":true}},"description_kind":"plain"},"max_items":1},"sdh":{"nesting_mode":"list","block":{"attributes":{"disk_id":{"type":"number","description":"The Disk ID to map to this disk slot","description_kind":"plain","optional":true,"computed":true},"disk_label":{"type":"string","description":"The `label` of the `disk` to map to this `device` slot.","description_kind":"plain","optional":true},"volume_id":{"type":"number","description":"The Block Storage volume ID to map to this disk slot","description_kind":"plain","optional":true}},"description_kind":"plain"},"max_items":1}},"description":"Device sda-sdh can be either a Disk or Volume identified by disk_label or volume_id. Only one type per slot allowed.","description_kind":"plain"},"max_items":1},"helpers":{"nesting_mode":"list","block":{"attributes":{"devtmpfs_automount":{"type":"bool","description":"Populates the /dev directory early during boot without udev. Defaults to false.","description_kind":"plain","optional":true},"distro":{"type":"bool","description":"Controls the behavior of the Linode Config's Distribution Helper setting.","description_kind":"plain","optional":true},"modules_dep":{"type":"bool","description":"Creates a modules dependency file for the Kernel you run.","description_kind":"plain","optional":true},"network":{"type":"bool","description":"Controls the behavior of the Linode Config's Network Helper setting, used to automatically configure additional IP addresses assigned to this instance.","description_kind":"plain","optional":true},"updatedb_disabled":{"type":"bool","description":"Disables updatedb cron job to avoid disk thrashing.","description_kind":"plain","optional":true}},"description":"Helpers enabled when booting to this Linode Config.","description_kind":"plain"},"max_items":1}},"description":"Configuration profiles define the VM settings and boot behavior of the Linode Instance.","description_kind":"plain"}},"disk":{"nesting_mode":"list","block":{"attributes":{"authorized_keys":{"type":["list","string"],"description":"A list of SSH public keys to deploy for the root user on the newly created Linode. Only accepted if 'image' is provided.","description_kind":"plain","optional":true},"authorized_users":{"type":["list","string"],"description":"A list of Linode usernames. If the usernames have associated SSH keys, the keys will be appended to the `root` user's `~/.ssh/authorized_keys` file automatically. Only accepted if 'image' is provided.","description_kind":"plain","optional":true},"filesystem":{"type":"string","description":"The Disk filesystem can be one of: raw, swap, ext3, ext4, initrd (max 32mb)","description_kind":"plain","optional":true,"computed":true},"id":{"type":"number","description":"The ID of the Disk (for use in Linode Image resources and Linode Instance Config Devices)","description_kind":"plain","computed":true},"image":{"type":"string","description":"An Image ID to deploy the Disk from. Official Linode Images start with linode/, while your Images start with private/.","description_kind":"plain","optional":true,"computed":true},"label":{"type":"string","description":"The disks label, which acts as an identifier in Terraform.","description_kind":"plain","required":true},"read_only":{"type":"bool","description":"If true, this Disk is read-only.","description_kind":"plain","optional":true,"computed":true},"root_pass":{"type":"string","description":"The password that will be initialially assigned to the 'root' user account.","description_kind":"plain","optional":true,"sensitive":true},"size":{"type":"number","description":"The size of the Disk in MB.","description_kind":"plain","required":true},"stackscript_data":{"type":["map","string"],"description":"An object containing responses to any User Defined Fields present in the StackScript being deployed to this Linode. Only accepted if 'stackscript_id' is given. The required values depend on the StackScript being deployed.","description_kind":"plain","optional":true,"computed":true,"sensitive":true},"stackscript_id":{"type":"number","description":"The StackScript to deploy to the newly created Linode. If provided, 'image' must also be provided, and must be an Image that is compatible with this StackScript.","description_kind":"plain","optional":true,"computed":true}},"description_kind":"plain"}},"timeouts":{"nesting_mode":"single","block":{"attributes":{"create":{"type":"string","description_kind":"plain","optional":true},"delete":{"type":"string","description_kind":"plain","optional":true},"update":{"type":"string","description_kind":"plain","optional":true}},"description_kind":"plain"}}},"description_kind":"plain"}},"linode_lke_cluster":{"version":0,"block":{"attributes":{"api_endpoints":{"type":["list","string"],"description":"The API endpoints for the cluster.","description_kind":"plain","computed":true},"id":{"type":"string","description_kind":"plain","optional":true,"computed":true},"k8s_version":{"type":"string","description":"The desired Kubernetes version for this Kubernetes cluster in the format of \u003cmajor\u003e.\u003cminor\u003e. The latest supported patch version will be deployed.","description_kind":"plain","required":true},"kubeconfig":{"type":"string","description":"The Base64-encoded Kubeconfig for the cluster.","description_kind":"plain","computed":true,"sensitive":true},"label":{"type":"string","description":"The unique label for the cluster.","description_kind":"plain","required":true},"region":{"type":"string","description":"This cluster's location.","description_kind":"plain","required":true},"status":{"type":"string","description":"The status of the cluster.","description_kind":"plain","computed":true},"tags":{"type":["set","string"],"description":"An array of tags applied to this object. Tags are for organizational purposes only.","description_kind":"plain","optional":true}},"block_types":{"pool":{"nesting_mode":"list","block":{"attributes":{"count":{"type":"number","description":"The number of nodes in the Node Pool.","description_kind":"plain","required":true},"id":{"type":"number","description":"The ID of the Node Pool.","description_kind":"plain","computed":true},"nodes":{"type":["list",["object",{"id":"string","instance_id":"number","status":"string"}]],"description":"The nodes in the node pool.","description_kind":"plain","computed":true},"type":{"type":"string","description":"A Linode Type for all of the nodes in the Node Pool.","description_kind":"plain","required":true}},"description":"A node pool in the cluster.","description_kind":"plain"},"min_items":1},"timeouts":{"nesting_mode":"single","block":{"attributes":{"create":{"type":"string","description_kind":"plain","optional":true},"delete":{"type":"string","description_kind":"plain","optional":true},"update":{"type":"string","description_kind":"plain","optional":true}},"description_kind":"plain"}}},"description_kind":"plain"}},"linode_nodebalancer":{"version":0,"block":{"attributes":{"client_conn_throttle":{"type":"number","description":"Throttle connections per second (0-20). Set to 0 (zero) to disable throttling.","description_kind":"plain","optional":true},"created":{"type":"string","description_kind":"plain","computed":true},"hostname":{"type":"string","description":"This NodeBalancer's hostname, ending with .nodebalancer.linode.com","description_kind":"plain","computed":true},"id":{"type":"string","description_kind":"plain","optional":true,"computed":true},"ipv4":{"type":"string","description":"The Public IPv4 Address of this NodeBalancer","description_kind":"plain","computed":true},"ipv6":{"type":"string","description":"The Public IPv6 Address of this NodeBalancer","description_kind":"plain","computed":true},"label":{"type":"string","description":"The label of the Linode NodeBalancer.","description_kind":"plain","optional":true},"region":{"type":"string","description":"The region where this NodeBalancer will be deployed.","description_kind":"plain","required":true},"tags":{"type":["set","string"],"description":"An array of tags applied to this object. Tags are for organizational purposes only.","description_kind":"plain","optional":true},"transfer":{"type":["map","string"],"description_kind":"plain","computed":true},"updated":{"type":"string","description_kind":"plain","computed":true}},"description_kind":"plain"}},"linode_nodebalancer_config":{"version":0,"block":{"attributes":{"algorithm":{"type":"string","description":"What algorithm this NodeBalancer should use for routing traffic to backends: roundrobin, leastconn, source","description_kind":"plain","optional":true,"computed":true},"check":{"type":"string","description":"The type of check to perform against backends to ensure they are serving requests. This is used to determine if backends are up or down. If none no check is performed. connection requires only a connection to the backend to succeed. http and http_body rely on the backend serving HTTP, and that the response returned matches what is expected.","description_kind":"plain","optional":true,"computed":true},"check_attempts":{"type":"number","description":"How many times to attempt a check before considering a backend to be down. (1-30)","description_kind":"plain","optional":true,"computed":true},"check_body":{"type":"string","description":"This value must be present in the response body of the check in order for it to pass. If this value is not present in the response body of a check request, the backend is considered to be down","description_kind":"plain","optional":true,"computed":true},"check_interval":{"type":"number","description":"How often, in seconds, to check that backends are up and serving requests.","description_kind":"plain","optional":true,"computed":true},"check_passive":{"type":"bool","description":"If true, any response from this backend with a 5xx status code will be enough for it to be considered unhealthy and taken out of rotation.","description_kind":"plain","optional":true,"computed":true},"check_path":{"type":"string","description":"The URL path to check on each backend. If the backend does not respond to this request it is considered to be down.","description_kind":"plain","optional":true,"computed":true},"check_timeout":{"type":"number","description":"How long, in seconds, to wait for a check attempt before considering it failed. (1-30)","description_kind":"plain","optional":true,"computed":true},"cipher_suite":{"type":"string","description":"What ciphers to use for SSL connections served by this NodeBalancer. `legacy` is considered insecure and should only be used if necessary.","description_kind":"plain","optional":true,"computed":true},"id":{"type":"string","description_kind":"plain","optional":true,"computed":true},"node_status":{"type":["map","string"],"description_kind":"plain","computed":true},"nodebalancer_id":{"type":"number","description":"The ID of the NodeBalancer to access.","description_kind":"plain","required":true},"port":{"type":"number","description":"The TCP port this Config is for. These values must be unique across configs on a single NodeBalancer (you can't have two configs for port 80, for example). While some ports imply some protocols, no enforcement is done and you may configure your NodeBalancer however is useful to you. For example, while port 443 is generally used for HTTPS, you do not need SSL configured to have a NodeBalancer listening on port 443.","description_kind":"plain","optional":true},"protocol":{"type":"string","description":"The protocol this port is configured to serve. If this is set to https you must include an ssl_cert and an ssl_key.","description_kind":"plain","optional":true},"ssl_cert":{"type":"string","description":"The certificate this port is serving. This is not returned. If set, this field will come back as `\u003cREDACTED\u003e`. Please use the ssl_commonname and ssl_fingerprint to identify the certificate.","description_kind":"plain","optional":true},"ssl_commonname":{"type":"string","description":"The common name for the SSL certification this port is serving if this port is not configured to use SSL.","description_kind":"plain","computed":true},"ssl_fingerprint":{"type":"string","description":"The fingerprint for the SSL certification this port is serving if this port is not configured to use SSL.","description_kind":"plain","computed":true},"ssl_key":{"type":"string","description":"The private key corresponding to this port's certificate. This is not returned. If set, this field will come back as `\u003cREDACTED\u003e`. Please use the ssl_commonname and ssl_fingerprint to identify the certificate.","description_kind":"plain","optional":true,"sensitive":true},"stickiness":{"type":"string","description":"Controls how session stickiness is handled on this port: 'none', 'table', 'http_cookie'","description_kind":"plain","optional":true,"computed":true}},"description_kind":"plain"}},"linode_nodebalancer_node":{"version":0,"block":{"attributes":{"address":{"type":"string","description":"The private IP Address and port (IP:PORT) where this backend can be reached. This must be a private IP address.","description_kind":"plain","required":true},"config_id":{"type":"number","description":"The ID of the NodeBalancerConfig to access.","description_kind":"plain","required":true},"id":{"type":"string","description_kind":"plain","optional":true,"computed":true},"label":{"type":"string","description":"The label for this node. This is for display purposes only.","description_kind":"plain","required":true},"mode":{"type":"string","description":"The mode this NodeBalancer should use when sending traffic to this backend. If set to `accept` this backend is accepting traffic. If set to `reject` this backend will not receive traffic. If set to `drain` this backend will not receive new traffic, but connections already pinned to it will continue to be routed to it. If set to `backup` this backend will only accept traffic if all other nodes are down.","description_kind":"plain","optional":true,"computed":true},"nodebalancer_id":{"type":"number","description":"The ID of the NodeBalancer to access.","description_kind":"plain","required":true},"status":{"type":"string","description":"The current status of this node, based on the configured checks of its NodeBalancer Config. (unknown, UP, DOWN)","description_kind":"plain","computed":true},"weight":{"type":"number","description":"Used when picking a backend to serve a request and is not pinned to a single backend yet. Nodes with a higher weight will receive more traffic. (1-255)","description_kind":"plain","optional":true,"computed":true}},"description_kind":"plain"}},"linode_object_storage_bucket":{"version":0,"block":{"attributes":{"cluster":{"type":"string","description":"The cluster of the Linode Object Storage Bucket.","description_kind":"plain","required":true},"id":{"type":"string","description_kind":"plain","optional":true,"computed":true},"label":{"type":"string","description":"The label of the Linode Object Storage Bucket.","description_kind":"plain","required":true}},"description_kind":"plain"}},"linode_object_storage_key":{"version":0,"block":{"attributes":{"access_key":{"type":"string","description":"This keypair's access key. This is not secret.","description_kind":"plain","computed":true},"id":{"type":"string","description_kind":"plain","optional":true,"computed":true},"label":{"type":"string","description":"The label given to this key. For display purposes only.","description_kind":"plain","required":true},"secret_key":{"type":"string","description":"This keypair's secret key.","description_kind":"plain","computed":true,"sensitive":true}},"description_kind":"plain"}},"linode_rdns":{"version":0,"block":{"attributes":{"address":{"type":"string","description":"The public Linode IPv4 or IPv6 address to operate on.","description_kind":"plain","required":true},"id":{"type":"string","description_kind":"plain","optional":true,"computed":true},"rdns":{"type":"string","description":"The reverse DNS assigned to this address. For public IPv4 addresses, this will be set to a default value provided by Linode if not explicitly set.","description_kind":"plain","required":true}},"description_kind":"plain"}},"linode_sshkey":{"version":0,"block":{"attributes":{"created":{"type":"string","description":"The date this key was added.","description_kind":"plain","computed":true},"id":{"type":"string","description_kind":"plain","optional":true,"computed":true},"label":{"type":"string","description":"The label of the Linode SSH Key.","description_kind":"plain","required":true},"ssh_key":{"type":"string","description":"The public SSH Key, which is used to authenticate to the root user of the Linodes you deploy.","description_kind":"plain","required":true}},"description_kind":"plain"}},"linode_stackscript":{"version":0,"block":{"attributes":{"created":{"type":"string","description":"The date this StackScript was created.","description_kind":"plain","computed":true},"deployments_active":{"type":"number","description":"Count of currently active, deployed Linodes created from this StackScript.","description_kind":"plain","computed":true},"deployments_total":{"type":"number","description":"The total number of times this StackScript has been deployed.","description_kind":"plain","computed":true},"description":{"type":"string","description":"A description for the StackScript.","description_kind":"plain","required":true},"id":{"type":"string","description_kind":"plain","optional":true,"computed":true},"images":{"type":["list","string"],"description":"An array of Image IDs representing the Images that this StackScript is compatible for deploying with.","description_kind":"plain","required":true},"is_public":{"type":"bool","description":"This determines whether other users can use your StackScript. Once a StackScript is made public, it cannot be made private.","description_kind":"plain","optional":true},"label":{"type":"string","description":"The StackScript's label is for display purposes only.","description_kind":"plain","required":true},"rev_note":{"type":"string","description":"This field allows you to add notes for the set of revisions made to this StackScript.","description_kind":"plain","optional":true},"script":{"type":"string","description":"The script to execute when provisioning a new Linode with this StackScript.","description_kind":"plain","required":true},"updated":{"type":"string","description":"The date this StackScript was updated.","description_kind":"plain","computed":true},"user_defined_fields":{"type":["list",["object",{"default":"string","example":"string","label":"string","many_of":"string","name":"string","one_of":"string"}]],"description":"This is a list of fields defined with a special syntax inside this StackScript that allow for supplying customized parameters during deployment.","description_kind":"plain","optional":true,"computed":true},"user_gravatar_id":{"type":"string","description":"The Gravatar ID for the User who created the StackScript.","description_kind":"plain","computed":true},"username":{"type":"string","description":"The User who created the StackScript.","description_kind":"plain","computed":true}},"description_kind":"plain"}},"linode_token":{"version":0,"block":{"attributes":{"created":{"type":"string","description":"The date and time this token was created.","description_kind":"plain","computed":true},"expiry":{"type":"string","description":"When this token will expire. Personal Access Tokens cannot be renewed, so after this time the token will be completely unusable and a new token will need to be generated. Tokens may be created with 'null' as their expiry and will never expire unless revoked.","description_kind":"plain","optional":true},"id":{"type":"string","description_kind":"plain","optional":true,"computed":true},"label":{"type":"string","description":"The label of the Linode Token.","description_kind":"plain","optional":true},"scopes":{"type":"string","description":"The scopes this token was created with. These define what parts of the Account the token can be used to access. Many command-line tools, such as the Linode CLI, require tokens with access to *. Tokens with more restrictive scopes are generally more secure.","description_kind":"plain","required":true},"token":{"type":"string","description":"The token used to access the API.","description_kind":"plain","computed":true,"sensitive":true}},"description_kind":"plain"}},"linode_volume":{"version":0,"block":{"attributes":{"filesystem_path":{"type":"string","description":"The full filesystem path for the Volume based on the Volume's label. Path is /dev/disk/by-id/scsi-0Linode_Volume_ + Volume label.","description_kind":"plain","computed":true},"id":{"type":"string","description_kind":"plain","optional":true,"computed":true},"label":{"type":"string","description":"The label of the Linode Volume.","description_kind":"plain","required":true},"linode_id":{"type":"number","description":"The Linode ID where the Volume should be attached.","description_kind":"plain","optional":true,"computed":true},"region":{"type":"string","description":"The region where this volume will be deployed.","description_kind":"plain","required":true},"size":{"type":"number","description":"Size of the Volume in GB","description_kind":"plain","optional":true,"computed":true},"status":{"type":"string","description":"The status of the volume, indicating the current readiness state.","description_kind":"plain","computed":true},"tags":{"type":["set","string"],"description":"An array of tags applied to this object. Tags are for organizational purposes only.","description_kind":"plain","optional":true}},"block_types":{"timeouts":{"nesting_mode":"single","block":{"attributes":{"create":{"type":"string","description_kind":"plain","optional":true},"delete":{"type":"string","description_kind":"plain","optional":true},"update":{"type":"string","description_kind":"plain","optional":true}},"description_kind":"plain"}}},"description_kind":"plain"}}},"data_source_schemas":{"linode_account":{"version":0,"block":{"attributes":{"address_1":{"type":"string","description":"First line of this Account's billing address.","description_kind":"plain","computed":true},"address_2":{"type":"string","description":"Second line of this Account's billing address.","description_kind":"plain","computed":true},"balance":{"type":"number","description":"This Account's balance, in US dollars.","description_kind":"plain","computed":true},"city":{"type":"string","description":"The city for this Account's billing address.","description_kind":"plain","computed":true},"company":{"type":"string","description":"The company name associated with this Account.","description_kind":"plain","computed":true},"country":{"type":"string","description":"The two-letter country code of this Account's billing address.","description_kind":"plain","computed":true},"email":{"type":"string","description":"The email address for this Account, for account management communications, and may be used for other communications as configured.","description_kind":"plain","computed":true},"first_name":{"type":"string","description":"The first name of the person associated with this Account.","description_kind":"plain","computed":true},"id":{"type":"string","description_kind":"plain","optional":true,"computed":true},"last_name":{"type":"string","description":"The last name of the person associated with this Account.","description_kind":"plain","computed":true},"phone":{"type":"string","description":"The phone number associated with this Account.","description_kind":"plain","computed":true},"state":{"type":"string","description":"If billing address is in the United States, this is the State portion of the Account's billing address. If the address is outside the US, this is the Province associated with the Account's billing address.","description_kind":"plain","computed":true},"zip":{"type":"string","description":"The zip code of this Account's billing address.","description_kind":"plain","computed":true}},"description_kind":"plain"}},"linode_domain":{"version":0,"block":{"attributes":{"axfr_ips":{"type":["set","string"],"description":"The list of IPs that may perform a zone transfer for this Domain. This is potentially dangerous, and should be set to an empty list unless you intend to use it.","description_kind":"plain","computed":true},"description":{"type":"string","description":"A description for this Domain. This is for display purposes only.","description_kind":"plain","computed":true},"domain":{"type":"string","description":"The domain this Domain represents. These must be unique in Linode's system; there cannot be two Domain records representing the same domain.","description_kind":"plain","optional":true},"expire_sec":{"type":"number","description":"The amount of time in seconds that may pass before this Domain is no longer authoritative. Valid values are 300, 3600, 7200, 14400, 28800, 57600, 86400, 172800, 345600, 604800, 1209600, and 2419200 - any other value will be rounded to the nearest valid value.","description_kind":"plain","computed":true},"group":{"type":"string","description":"The group this Domain belongs to. This is for display purposes only.","description_kind":"plain","computed":true},"id":{"type":"string","description_kind":"plain","optional":true},"master_ips":{"type":["set","string"],"description":"The IP addresses representing the master DNS for this Domain.","description_kind":"plain","computed":true},"refresh_sec":{"type":"number","description":"The amount of time in seconds before this Domain should be refreshed. Valid values are 300, 3600, 7200, 14400, 28800, 57600, 86400, 172800, 345600, 604800, 1209600, and 2419200 - any other value will be rounded to the nearest valid value.","description_kind":"plain","computed":true},"retry_sec":{"type":"number","description":"The interval, in seconds, at which a failed refresh should be retried. Valid values are 300, 3600, 7200, 14400, 28800, 57600, 86400, 172800, 345600, 604800, 1209600, and 2419200 - any other value will be rounded to the nearest valid value.","description_kind":"plain","computed":true},"soa_email":{"type":"string","description":"Start of Authority email address. This is required for master Domains.","description_kind":"plain","computed":true},"status":{"type":"string","description":"Used to control whether this Domain is currently being rendered.","description_kind":"plain","computed":true},"tags":{"type":["set","string"],"description":"An array of tags applied to this object. Tags are for organizational purposes only.","description_kind":"plain","computed":true},"ttl_sec":{"type":"number","description":"'Time to Live' - the amount of time in seconds that this Domain's records may be cached by resolvers or other domain servers. Valid values are 300, 3600, 7200, 14400, 28800, 57600, 86400, 172800, 345600, 604800, 1209600, and 2419200 - any other value will be rounded to the nearest valid value.","description_kind":"plain","computed":true},"type":{"type":"string","description":"If this Domain represents the authoritative source of information for the domain it describes, or if it is a read-only copy of a master (also called a slave).","description_kind":"plain","computed":true}},"description_kind":"plain"}},"linode_domain_record":{"version":0,"block":{"attributes":{"domain_id":{"type":"number","description":"The associated domain's ID.","description_kind":"plain","required":true},"id":{"type":"number","description_kind":"plain","optional":true},"name":{"type":"string","description":"The name of the Record.","description_kind":"plain","optional":true},"port":{"type":"number","description":"The port this Record points to.","description_kind":"plain","computed":true},"priority":{"type":"number","description":"The priority of the target host. Lower values are preferred.","description_kind":"plain","computed":true},"protocol":{"type":"string","description":"The protocol this Record's service communicates with. Only valid for SRV records.","description_kind":"plain","computed":true},"service":{"type":"string","description":"The service this Record identified. Only valid for SRV records.","description_kind":"plain","computed":true},"tag":{"type":"string","description":"The tag portion of a CAA record.","description_kind":"plain","computed":true},"target":{"type":"string","description":"The target for this Record. This field's actual usage depends on the type of record this represents. For A and AAAA records, this is the address the named Domain should resolve to.","description_kind":"plain","computed":true},"ttl_sec":{"type":"number","description":"The amount of time in seconds that this Domain's records may be cached by resolvers or other domain servers.","description_kind":"plain","computed":true},"type":{"type":"string","description":"The type of Record this is in the DNS system.","description_kind":"plain","computed":true},"weight":{"type":"number","description":"The relative weight of this Record. Higher values are preferred.","description_kind":"plain","computed":true}},"description_kind":"plain"}},"linode_image":{"version":0,"block":{"attributes":{"created":{"type":"string","description":"When this Image was created.","description_kind":"plain","computed":true},"created_by":{"type":"string","description":"The name of the User who created this Image.","description_kind":"plain","computed":true},"deprecated":{"type":"bool","description":"Whether or not this Image is deprecated. Will only be True for deprecated public Images.","description_kind":"plain","computed":true},"description":{"type":"string","description":"A detailed description of this Image.","description_kind":"plain","computed":true},"expiry":{"type":"string","description":"Only Images created automatically (from a deleted Linode; type=automatic) will expire.","description_kind":"plain","computed":true},"id":{"type":"string","description_kind":"plain","required":true},"is_public":{"type":"bool","description":"True if the Image is public.","description_kind":"plain","computed":true},"label":{"type":"string","description":"A short description of the Image. Labels cannot contain special characters.","description_kind":"plain","computed":true},"size":{"type":"number","description":"The minimum size this Image needs to deploy. Size is in MB.","description_kind":"plain","computed":true},"type":{"type":"string","description":"How the Image was created. 'Manual' Images can be created at any time. 'Automatic' images are created automatically from a deleted Linode.","description_kind":"plain","computed":true},"vendor":{"type":"string","description":"The upstream distribution vendor. Nil for private Images.","description_kind":"plain","computed":true}},"description_kind":"plain"}},"linode_instance_type":{"version":0,"block":{"attributes":{"addons":{"type":["list",["object",{"backups":["list",["object",{"price":["list",["object",{"hourly":"number","monthly":"number"}]]}]]}]],"description_kind":"plain","computed":true},"class":{"type":"string","description":"The class of the Linode Type. There are currently three classes of Linodes: nanode, standard, highmem, dedicated","description_kind":"plain","computed":true},"disk":{"type":"number","description":"The Disk size, in MB, of the Linode Type.","description_kind":"plain","computed":true},"id":{"type":"string","description_kind":"plain","required":true},"label":{"type":"string","description":"The Linode Type's label is for display purposes only.","description_kind":"plain","optional":true,"computed":true},"memory":{"type":"number","description":"Amount of RAM included in this Linode Type.","description_kind":"plain","computed":true},"network_out":{"type":"number","description":"The Mbits outbound bandwidth allocation.","description_kind":"plain","computed":true},"price":{"type":["list",["object",{"hourly":"number","monthly":"number"}]],"description":"Cost in US dollars, broken down into hourly and monthly charges.","description_kind":"plain","computed":true},"transfer":{"type":"number","description":"The monthly outbound transfer amount, in MB.","description_kind":"plain","computed":true},"vcpus":{"type":"number","description":"The number of VCPU cores this Linode Type offers.","description_kind":"plain","computed":true}},"description_kind":"plain"}},"linode_networking_ip":{"version":0,"block":{"attributes":{"address":{"type":"string","description":"The IP address.","description_kind":"plain","required":true},"gateway":{"type":"string","description":"The default gateway for this address.","description_kind":"plain","computed":true},"id":{"type":"string","description_kind":"plain","optional":true,"computed":true},"linode_id":{"type":"number","description":"The ID of the Linode this address currently belongs to.","description_kind":"plain","computed":true},"prefix":{"type":"number","description":"The number of bits set in the subnet mask.","description_kind":"plain","computed":true},"public":{"type":"bool","description":"Whether this is a public or private IP address.","description_kind":"plain","computed":true},"rdns":{"type":"string","description":"The reverse DNS assigned to this address. For public IPv4 addresses, this will be set to a default value provided by Linode if not explicitly set.","description_kind":"plain","computed":true},"region":{"type":"string","description":"The Region this IP address resides in.","description_kind":"plain","computed":true},"subnet_mask":{"type":"string","description":"The mask that separates host bits from network bits for this address.","description_kind":"plain","computed":true},"type":{"type":"string","description":"The type of address this is (ipv4, ipv6, ipv6/pool, ipv6/range).","description_kind":"plain","computed":true}},"description_kind":"plain"}},"linode_object_storage_cluster":{"version":0,"block":{"attributes":{"domain":{"type":"string","description":"The base URL for this cluster.","description_kind":"plain","optional":true,"computed":true},"id":{"type":"string","description":"The unique ID of this Cluster.","description_kind":"plain","required":true},"region":{"type":"string","description":"The region this cluster is located in.","description_kind":"plain","optional":true,"computed":true},"static_site_domain":{"type":"string","description":"The base URL for this cluster used when hosting static sites.","description_kind":"plain","optional":true,"computed":true},"status":{"type":"string","description":"This cluster's status.","description_kind":"plain","optional":true,"computed":true}},"description_kind":"plain"}},"linode_profile":{"version":0,"block":{"attributes":{"authorized_keys":{"type":["list","string"],"description":"The list of SSH Keys authorized to use Lish for this user. This value is ignored if lish_auth_method is 'disabled'.","description_kind":"plain","computed":true},"email":{"type":"string","description":"The profile email address. This address will be used for communication with Linode as necessary.","description_kind":"plain","computed":true},"email_notifications":{"type":"bool","description":"If true, email notifications will be sent about account activity. If false, when false business-critical communications may still be sent through email.","description_kind":"plain","computed":true},"id":{"type":"string","description_kind":"plain","optional":true,"computed":true},"ip_whitelist_enabled":{"type":"bool","description":"If true, logins for the user will only be allowed from whitelisted IPs. This setting is currently deprecated, and cannot be enabled.","description_kind":"plain","computed":true},"lish_auth_method":{"type":"string","description":"The methods of authentication allowed when connecting via Lish. 'keys_only' is the most secure with the intent to use Lish, and 'disabled' is recommended for users that will not use Lish at all.","description_kind":"plain","computed":true},"referrals":{"type":["list",["object",{"code":"string","completed":"number","credit":"number","pending":"number","total":"number","url":"string"}]],"description":"Credit Card information associated with this Account.","description_kind":"plain","computed":true},"restricted":{"type":"bool","description":"If true, the user has restrictions on what can be accessed on the Account.","description_kind":"plain","computed":true},"timezone":{"type":"string","description":"The profile's preferred timezone. This is not used by the API, and is for the benefit of clients only. All times the API returns are in UTC.","description_kind":"plain","computed":true},"two_factor_auth":{"type":"bool","description":"If true, logins from untrusted computers will require Two Factor Authentication.","description_kind":"plain","computed":true},"username":{"type":"string","description":"The username for logging in to Linode services.","description_kind":"plain","computed":true}},"description_kind":"plain"}},"linode_region":{"version":0,"block":{"attributes":{"country":{"type":"string","description":"The country where this Region resides.","description_kind":"plain","optional":true,"computed":true},"id":{"type":"string","description":"The unique ID of this Region.","description_kind":"plain","required":true}},"description_kind":"plain"}},"linode_sshkey":{"version":0,"block":{"attributes":{"created":{"type":"string","description":"The date this key was added.","description_kind":"plain","computed":true},"id":{"type":"string","description_kind":"plain","optional":true,"computed":true},"label":{"type":"string","description":"The label of the Linode SSH Key.","description_kind":"plain","required":true},"ssh_key":{"type":"string","description":"The public SSH Key, which is used to authenticate to the root user of the Linodes you deploy.","description_kind":"plain","computed":true}},"description_kind":"plain"}},"linode_stackscript":{"version":0,"block":{"attributes":{"created":{"type":"string","description":"The date this StackScript was created.","description_kind":"plain","computed":true},"deployments_active":{"type":"number","description":"Count of currently active, deployed Linodes created from this StackScript.","description_kind":"plain","computed":true},"deployments_total":{"type":"number","description":"The total number of times this StackScript has been deployed.","description_kind":"plain","computed":true},"description":{"type":"string","description":"A description for the StackScript.","description_kind":"plain","computed":true},"id":{"type":"number","description_kind":"plain","required":true},"images":{"type":["list","string"],"description":"An array of Image IDs representing the Images that this StackScript is compatible for deploying with.","description_kind":"plain","computed":true},"is_public":{"type":"bool","description":"This determines whether other users can use your StackScript. Once a StackScript is made public, it cannot be made private.","description_kind":"plain","computed":true},"label":{"type":"string","description":"The StackScript's label is for display purposes only.","description_kind":"plain","computed":true},"rev_note":{"type":"string","description":"This field allows you to add notes for the set of revisions made to this StackScript.","description_kind":"plain","computed":true},"script":{"type":"string","description":"The script to execute when provisioning a new Linode with this StackScript.","description_kind":"plain","computed":true},"updated":{"type":"string","description":"The date this StackScript was updated.","description_kind":"plain","computed":true},"user_defined_fields":{"type":["list",["object",{"default":"string","example":"string","label":"string","many_of":"string","name":"string","one_of":"string"}]],"description":"This is a list of fields defined with a special syntax inside this StackScript that allow for supplying customized parameters during deployment.","description_kind":"plain","optional":true,"computed":true},"user_gravatar_id":{"type":"string","description":"The Gravatar ID for the User who created the StackScript.","description_kind":"plain","computed":true},"username":{"type":"string","description":"The User who created the StackScript.","description_kind":"plain","computed":true}},"description_kind":"plain"}},"linode_user":{"version":0,"block":{"attributes":{"email":{"type":"string","description":"The email address for this User, for account management communications, and may be used for other communications as configured.","description_kind":"plain","computed":true},"id":{"type":"string","description_kind":"plain","optional":true,"computed":true},"restricted":{"type":"bool","description":"If true, this User must be granted access to perform actions or access entities on this Account.","description_kind":"plain","computed":true},"ssh_keys":{"type":["list","string"],"description":"A list of SSH Key labels added by this User. These are the keys that will be deployed if this User is included in the authorized_users field of a create Linode, rebuild Linode, or create Disk request.","description_kind":"plain","computed":true},"username":{"type":"string","description":"This User's username. This is used for logging in, and may also be displayed alongside actions the User performs (for example, in Events or public StackScripts).","description_kind":"plain","required":true}},"description_kind":"plain"}},"linode_volume":{"version":0,"block":{"attributes":{"created":{"type":"string","description":"Datetime string representing when the Volume was created.","description_kind":"plain","computed":true},"filesystem_path":{"type":"string","description":"The full filesystem path for the Volume based on the Volume's label. Path is /dev/disk/by-id/scsi-0LinodeVolume + Volume label.","description_kind":"plain","computed":true},"id":{"type":"number","description":"The unique id of this Volume.","description_kind":"plain","required":true},"label":{"type":"string","description":"The Volume's label. For display purposes only.","description_kind":"plain","computed":true},"linode_id":{"type":"number","description":"If a Volume is attached to a specific Linode, the ID of that Linode will be displayed here.","description_kind":"plain","computed":true},"region":{"type":"string","description":"The datacenter where this Volume is located.","description_kind":"plain","computed":true},"size":{"type":"number","description":"The size of this Volume in GiB.","description_kind":"plain","computed":true},"status":{"type":"string","description":"The status of the Volume. Can be one of active | creating | resizing | contact_support","description_kind":"plain","computed":true},"tags":{"type":["set","string"],"description":"An array of tags applied to this Volume. Tags are for organizational purposes only.","description_kind":"plain","computed":true},"updated":{"type":"string","description":"Datetime string representing when the Volume was last updated.","description_kind":"plain","computed":true}},"description_kind":"plain"}}}}}}
