{"format_version":"0.1","provider_schemas":{"registry.terraform.io/bluemedorapublic/bindplane":{"provider":{"version":0,"block":{"attributes":{"api_key":{"type":"string","description_kind":"plain","optional":true}},"description_kind":"plain"}},"resource_schemas":{"bindplane_collector":{"version":0,"block":{"attributes":{"group":{"type":"string","description_kind":"plain","computed":true},"id":{"type":"string","description_kind":"plain","optional":true,"computed":true},"name":{"type":"string","description_kind":"plain","required":true}},"description_kind":"plain"}},"bindplane_credential":{"version":0,"block":{"attributes":{"configuration":{"type":"string","description_kind":"plain","required":true},"id":{"type":"string","description_kind":"plain","optional":true,"computed":true}},"description_kind":"plain"}},"bindplane_log_agent_populate":{"version":0,"block":{"attributes":{"id":{"type":"string","description_kind":"plain","optional":true,"computed":true},"latest_version":{"type":"string","description_kind":"plain","computed":true},"name":{"type":"string","description_kind":"plain","required":true},"provisioning_timeout":{"type":"number","description":"time in seconds (30 or higher) to wait for a log agent to deploy","description_kind":"plain","required":true},"status":{"type":"string","description_kind":"plain","computed":true},"version":{"type":"string","description_kind":"plain","computed":true}},"description_kind":"plain"}},"bindplane_log_bind_destination":{"version":0,"block":{"attributes":{"agent_id":{"type":"string","description_kind":"plain","required":true},"destination_config_id":{"type":"string","description_kind":"plain","required":true},"id":{"type":"string","description_kind":"plain","optional":true,"computed":true}},"description_kind":"plain"}},"bindplane_log_bind_source":{"version":0,"block":{"attributes":{"agent_id":{"type":"string","description_kind":"plain","required":true},"id":{"type":"string","description_kind":"plain","optional":true,"computed":true},"source_config_id":{"type":"string","description_kind":"plain","required":true}},"description_kind":"plain"}},"bindplane_log_destination":{"version":0,"block":{"attributes":{"configuration":{"type":"string","description_kind":"plain","required":true},"destination_type_id":{"type":"string","description_kind":"plain","required":true},"destination_version":{"type":"string","description_kind":"plain","required":true},"id":{"type":"string","description_kind":"plain","optional":true,"computed":true},"name":{"type":"string","description_kind":"plain","required":true}},"description_kind":"plain"}},"bindplane_log_destination_google":{"version":0,"block":{"attributes":{"credentials":{"type":"string","description_kind":"plain","required":true},"destination_version":{"type":"string","description_kind":"plain","optional":true},"id":{"type":"string","description_kind":"plain","optional":true,"computed":true},"location":{"type":"string","description_kind":"plain","optional":true},"name":{"type":"string","description_kind":"plain","required":true}},"description_kind":"plain"}},"bindplane_log_source":{"version":0,"block":{"attributes":{"configuration":{"type":"string","description_kind":"plain","required":true},"id":{"type":"string","description_kind":"plain","optional":true,"computed":true},"name":{"type":"string","description_kind":"plain","required":true},"source_type_id":{"type":"string","description_kind":"plain","required":true},"source_version":{"type":"string","description_kind":"plain","required":true}},"description_kind":"plain"}},"bindplane_log_template":{"version":0,"block":{"attributes":{"agent_group":{"type":"string","description_kind":"plain","optional":true},"destination_config_id":{"type":"string","description_kind":"plain","required":true},"id":{"type":"string","description_kind":"plain","optional":true,"computed":true},"name":{"type":"string","description_kind":"plain","required":true},"source_config_ids":{"type":["set","string"],"description_kind":"plain","optional":true}},"description_kind":"plain"}},"bindplane_source":{"version":0,"block":{"attributes":{"collection_interval":{"type":"number","description_kind":"plain","required":true},"collector_id":{"type":"string","description_kind":"plain","required":true},"configuration":{"type":"string","description_kind":"plain","required":true},"credential_id":{"type":"string","description_kind":"plain","required":true},"id":{"type":"string","description_kind":"plain","optional":true,"computed":true},"job_id":{"type":"string","description_kind":"plain","computed":true},"name":{"type":"string","description_kind":"plain","required":true},"provisioning_timeout":{"type":"number","description_kind":"plain","required":true},"source_type":{"type":"string","description_kind":"plain","required":true}},"description_kind":"plain"}}},"data_source_schemas":{"bindplane_agent_install_cmd":{"version":0,"block":{"attributes":{"command":{"type":"string","description_kind":"plain","computed":true},"id":{"type":"string","description_kind":"plain","optional":true,"computed":true},"platform":{"type":"string","description_kind":"plain","required":true}},"description_kind":"plain"}}}}}}
