{"format_version":"0.1","provider_schemas":{"registry.terraform.io/iwarapter/pingaccess":{"provider":{"version":0,"block":{"attributes":{"base_url":{"type":"string","description":"The base url of the pingaccess API.","description_kind":"plain","optional":true},"context":{"type":"string","description":"The context path of the pingaccess API.","description_kind":"plain","optional":true},"password":{"type":"string","description":"The password for pingaccess API.","description_kind":"plain","optional":true},"username":{"type":"string","description":"The username for pingaccess API.","description_kind":"plain","optional":true}},"description_kind":"plain"}},"resource_schemas":{"pingaccess_access_token_validator":{"version":0,"block":{"attributes":{"class_name":{"type":"string","description_kind":"plain","required":true},"configuration":{"type":"string","description_kind":"plain","required":true},"id":{"type":"string","description_kind":"plain","optional":true,"computed":true},"name":{"type":"string","description_kind":"plain","required":true}},"description_kind":"plain"}},"pingaccess_acme_server":{"version":0,"block":{"attributes":{"id":{"type":"string","description_kind":"plain","optional":true,"computed":true},"name":{"type":"string","description_kind":"plain","required":true},"url":{"type":"string","description_kind":"plain","required":true}},"block_types":{"acme_accounts":{"nesting_mode":"list","block":{"attributes":{"id":{"type":"string","description_kind":"plain","computed":true},"location":{"type":"string","description_kind":"plain","computed":true}},"description_kind":"plain"}}},"description_kind":"plain"}},"pingaccess_application":{"version":0,"block":{"attributes":{"access_validator_id":{"type":"number","description_kind":"plain","optional":true},"agent_id":{"type":"number","description_kind":"plain","optional":true},"application_type":{"type":"string","description_kind":"plain","required":true},"case_sensitive_path":{"type":"bool","description_kind":"plain","optional":true},"context_root":{"type":"string","description_kind":"plain","required":true},"default_auth_type":{"type":"string","description_kind":"plain","deprecated":true,"optional":true},"description":{"type":"string","description_kind":"plain","optional":true},"destination":{"type":"string","description_kind":"plain","required":true},"enabled":{"type":"bool","description_kind":"plain","optional":true},"id":{"type":"string","description_kind":"plain","optional":true,"computed":true},"name":{"type":"string","description_kind":"plain","required":true},"realm":{"type":"string","description_kind":"plain","optional":true},"require_https":{"type":"bool","description_kind":"plain","optional":true},"site_id":{"type":"string","description_kind":"plain","required":true},"spa_support_enabled":{"type":"bool","description_kind":"plain","optional":true},"virtual_host_ids":{"type":["set","string"],"description_kind":"plain","required":true},"web_session_id":{"type":"string","description_kind":"plain","optional":true}},"block_types":{"identity_mapping_ids":{"nesting_mode":"list","block":{"attributes":{"api":{"type":"string","description_kind":"plain","optional":true},"web":{"type":"string","description_kind":"plain","optional":true}},"description_kind":"plain"},"max_items":1},"policy":{"nesting_mode":"list","block":{"block_types":{"api":{"nesting_mode":"list","block":{"attributes":{"id":{"type":"string","description_kind":"plain","required":true},"type":{"type":"string","description_kind":"plain","required":true}},"description_kind":"plain"}},"web":{"nesting_mode":"list","block":{"attributes":{"id":{"type":"string","description_kind":"plain","required":true},"type":{"type":"string","description_kind":"plain","required":true}},"description_kind":"plain"}}},"description_kind":"plain"},"max_items":1}},"description_kind":"plain"}},"pingaccess_application_resource":{"version":0,"block":{"attributes":{"anonymous":{"type":"bool","description_kind":"plain","optional":true},"application_id":{"type":"string","description_kind":"plain","required":true},"audit_level":{"type":"string","description_kind":"plain","optional":true},"default_auth_type_override":{"type":"string","description_kind":"plain","optional":true},"enabled":{"type":"bool","description_kind":"plain","optional":true},"id":{"type":"string","description_kind":"plain","optional":true,"computed":true},"methods":{"type":["set","string"],"description_kind":"plain","required":true},"name":{"type":"string","description_kind":"plain","required":true},"path_prefixes":{"type":["set","string"],"description_kind":"plain","deprecated":true,"optional":true},"root_resource":{"type":"bool","description_kind":"plain","optional":true},"unprotected":{"type":"bool","description_kind":"plain","optional":true}},"block_types":{"path_patterns":{"nesting_mode":"set","block":{"attributes":{"pattern":{"type":"string","description_kind":"plain","required":true},"type":{"type":"string","description_kind":"plain","required":true}},"description_kind":"plain"}},"policy":{"nesting_mode":"list","block":{"block_types":{"api":{"nesting_mode":"list","block":{"attributes":{"id":{"type":"string","description_kind":"plain","required":true},"type":{"type":"string","description_kind":"plain","required":true}},"description_kind":"plain"}},"web":{"nesting_mode":"list","block":{"attributes":{"id":{"type":"string","description_kind":"plain","required":true},"type":{"type":"string","description_kind":"plain","required":true}},"description_kind":"plain"}}},"description_kind":"plain"},"max_items":1}},"description_kind":"plain"}},"pingaccess_auth_token_management":{"version":0,"block":{"attributes":{"id":{"type":"string","description_kind":"plain","optional":true,"computed":true},"issuer":{"type":"string","description":"The issuer value to include in auth tokens. PingAccess inserts this value as the iss claim within the auth tokens.","description_kind":"plain","optional":true},"key_roll_enabled":{"type":"bool","description":"This field is true if key rollover is enabled. When false, PingAccess will not rollover keys at the configured interval.","description_kind":"plain","optional":true},"key_roll_period_in_hours":{"type":"number","description":"The interval (in hours) at which PingAccess will roll the keys. Key rollover updates keys at regular intervals to ensure the security of signed auth tokens.","description_kind":"plain","optional":true},"signing_algorithm":{"type":"string","description":"The signing algorithm used when creating signed auth tokens.","description_kind":"plain","optional":true}},"description_kind":"plain"}},"pingaccess_authn_req_list":{"version":0,"block":{"attributes":{"authn_reqs":{"type":["list","string"],"description_kind":"plain","required":true},"id":{"type":"string","description_kind":"plain","optional":true,"computed":true},"name":{"type":"string","description_kind":"plain","required":true}},"description_kind":"plain"}},"pingaccess_certificate":{"version":0,"block":{"attributes":{"alias":{"type":"string","description_kind":"plain","required":true},"expires":{"type":"number","description_kind":"plain","computed":true},"file_data":{"type":"string","description_kind":"plain","required":true},"id":{"type":"string","description_kind":"plain","optional":true,"computed":true},"issuer_dn":{"type":"string","description_kind":"plain","computed":true},"md5sum":{"type":"string","description_kind":"plain","computed":true},"serial_number":{"type":"string","description_kind":"plain","computed":true},"sha1sum":{"type":"string","description_kind":"plain","computed":true},"signature_algorithm":{"type":"string","description_kind":"plain","computed":true},"status":{"type":"string","description_kind":"plain","computed":true},"subject_cn":{"type":"string","description_kind":"plain","computed":true},"subject_dn":{"type":"string","description_kind":"plain","computed":true},"valid_from":{"type":"number","description_kind":"plain","computed":true}},"description_kind":"plain"}},"pingaccess_engine_listener":{"version":0,"block":{"attributes":{"id":{"type":"string","description_kind":"plain","optional":true,"computed":true},"name":{"type":"string","description_kind":"plain","required":true},"port":{"type":"number","description_kind":"plain","required":true},"secure":{"type":"bool","description_kind":"plain","optional":true},"trusted_certificate_group_id":{"type":"number","description_kind":"plain","optional":true}},"description_kind":"plain"}},"pingaccess_hsm_provider":{"version":0,"block":{"attributes":{"class_name":{"type":"string","description_kind":"plain","required":true},"configuration":{"type":"string","description_kind":"plain","required":true},"id":{"type":"string","description_kind":"plain","optional":true,"computed":true},"name":{"type":"string","description_kind":"plain","required":true}},"description_kind":"plain"}},"pingaccess_http_config_request_host_source":{"version":0,"block":{"attributes":{"header_name_list":{"type":["list","string"],"description_kind":"plain","required":true},"id":{"type":"string","description_kind":"plain","optional":true,"computed":true},"list_value_location":{"type":"string","description_kind":"plain","required":true}},"description_kind":"plain"}},"pingaccess_https_listener":{"version":0,"block":{"attributes":{"id":{"type":"string","description_kind":"plain","optional":true,"computed":true},"key_pair_id":{"type":"number","description_kind":"plain","required":true},"name":{"type":"string","description_kind":"plain","required":true},"use_server_cipher_suite_order":{"type":"bool","description_kind":"plain","required":true}},"description_kind":"plain"}},"pingaccess_identity_mapping":{"version":0,"block":{"attributes":{"class_name":{"type":"string","description_kind":"plain","required":true},"configuration":{"type":"string","description_kind":"plain","required":true},"id":{"type":"string","description_kind":"plain","optional":true,"computed":true},"name":{"type":"string","description_kind":"plain","required":true}},"description_kind":"plain"}},"pingaccess_keypair":{"version":0,"block":{"attributes":{"alias":{"type":"string","description_kind":"plain","required":true},"chain_certificates":{"type":["set",["object",{"alias":"string","expires":"number","issuer_dn":"string","md5sum":"string","serial_number":"string","sha1sum":"string","signature_algorithm":"string","status":"string","subject_cn":"string","subject_dn":"string","valid_from":"number"}]],"description_kind":"plain","computed":true},"city":{"type":"string","description_kind":"plain","optional":true},"common_name":{"type":"string","description_kind":"plain","optional":true},"country":{"type":"string","description_kind":"plain","optional":true},"csr_pending":{"type":"bool","description_kind":"plain","computed":true},"expires":{"type":"number","description_kind":"plain","computed":true},"file_data":{"type":"string","description_kind":"plain","optional":true},"hsm_provider_id":{"type":"number","description_kind":"plain","optional":true},"id":{"type":"string","description_kind":"plain","optional":true,"computed":true},"issuer_dn":{"type":"string","description_kind":"plain","computed":true},"key_algorithm":{"type":"string","description_kind":"plain","optional":true},"key_size":{"type":"number","description_kind":"plain","optional":true},"md5sum":{"type":"string","description_kind":"plain","computed":true},"organization":{"type":"string","description_kind":"plain","optional":true},"organization_unit":{"type":"string","description_kind":"plain","optional":true},"password":{"type":"string","description_kind":"plain","optional":true,"sensitive":true},"serial_number":{"type":"string","description_kind":"plain","computed":true},"sha1sum":{"type":"string","description_kind":"plain","computed":true},"signature_algorithm":{"type":"string","description_kind":"plain","computed":true},"state":{"type":"string","description_kind":"plain","optional":true},"status":{"type":"string","description_kind":"plain","computed":true},"subject_cn":{"type":"string","description_kind":"plain","computed":true},"subject_dn":{"type":"string","description_kind":"plain","computed":true},"valid_days":{"type":"number","description_kind":"plain","optional":true},"valid_from":{"type":"number","description_kind":"plain","computed":true}},"description_kind":"plain"}},"pingaccess_oauth_server":{"version":0,"block":{"attributes":{"audit_level":{"type":"string","description_kind":"plain","optional":true},"cache_tokens":{"type":"bool","description_kind":"plain","optional":true},"description":{"type":"string","description_kind":"plain","optional":true},"id":{"type":"string","description_kind":"plain","optional":true,"computed":true},"introspection_endpoint":{"type":"string","description_kind":"plain","required":true},"secure":{"type":"bool","description_kind":"plain","optional":true},"send_audience":{"type":"bool","description_kind":"plain","optional":true},"subject_attribute_name":{"type":"string","description_kind":"plain","required":true},"targets":{"type":["set","string"],"description_kind":"plain","required":true},"token_time_to_live_seconds":{"type":"number","description_kind":"plain","optional":true},"trusted_certificate_group_id":{"type":"number","description_kind":"plain","required":true},"use_proxy":{"type":"bool","description_kind":"plain","optional":true}},"block_types":{"client_credentials":{"nesting_mode":"list","block":{"attributes":{"client_id":{"type":"string","description_kind":"plain","required":true}},"block_types":{"client_secret":{"nesting_mode":"list","block":{"attributes":{"encrypted_value":{"type":"string","description_kind":"plain","optional":true,"computed":true},"value":{"type":"string","description_kind":"plain","optional":true,"sensitive":true}},"description_kind":"plain"},"max_items":1}},"description_kind":"plain"},"min_items":1,"max_items":1}},"description_kind":"plain"}},"pingaccess_pingfederate_admin":{"version":0,"block":{"attributes":{"admin_username":{"type":"string","description_kind":"plain","required":true},"audit_level":{"type":"string","description_kind":"plain","optional":true},"base_path":{"type":"string","description_kind":"plain","optional":true},"host":{"type":"string","description_kind":"plain","required":true},"id":{"type":"string","description_kind":"plain","optional":true,"computed":true},"port":{"type":"number","description_kind":"plain","required":true},"secure":{"type":"bool","description_kind":"plain","optional":true},"trusted_certificate_group_id":{"type":"number","description_kind":"plain","optional":true},"use_proxy":{"type":"bool","description_kind":"plain","optional":true}},"block_types":{"admin_password":{"nesting_mode":"list","block":{"attributes":{"encrypted_value":{"type":"string","description_kind":"plain","optional":true,"computed":true},"value":{"type":"string","description_kind":"plain","optional":true,"sensitive":true}},"description_kind":"plain"},"min_items":1,"max_items":1}},"description_kind":"plain"}},"pingaccess_pingfederate_oauth":{"version":0,"block":{"attributes":{"access_validator_id":{"type":"number","description_kind":"plain","optional":true},"cache_tokens":{"type":"bool","description_kind":"plain","optional":true},"client_id":{"type":"string","description_kind":"plain","required":true},"id":{"type":"string","description_kind":"plain","optional":true,"computed":true},"name":{"type":"string","description_kind":"plain","optional":true},"send_audience":{"type":"bool","description_kind":"plain","optional":true},"subject_attribute_name":{"type":"string","description_kind":"plain","required":true},"token_time_to_live_seconds":{"type":"number","description_kind":"plain","optional":true},"use_token_introspection":{"type":"bool","description_kind":"plain","optional":true}},"block_types":{"client_secret":{"nesting_mode":"list","block":{"attributes":{"encrypted_value":{"type":"string","description_kind":"plain","optional":true,"computed":true},"value":{"type":"string","description_kind":"plain","optional":true,"sensitive":true}},"description_kind":"plain"},"max_items":1}},"description_kind":"plain"}},"pingaccess_pingfederate_runtime":{"version":0,"block":{"attributes":{"audit_level":{"type":"string","description_kind":"plain","deprecated":true,"optional":true},"back_channel_base_path":{"type":"string","description_kind":"plain","deprecated":true,"optional":true},"back_channel_secure":{"type":"bool","description_kind":"plain","deprecated":true,"optional":true},"base_path":{"type":"string","description_kind":"plain","deprecated":true,"optional":true},"description":{"type":"string","description_kind":"plain","optional":true},"expected_hostname":{"type":"string","description_kind":"plain","deprecated":true,"optional":true},"host":{"type":"string","description_kind":"plain","deprecated":true,"optional":true},"id":{"type":"string","description_kind":"plain","optional":true,"computed":true},"issuer":{"type":"string","description_kind":"plain","optional":true},"port":{"type":"number","description_kind":"plain","deprecated":true,"optional":true},"secure":{"type":"bool","description_kind":"plain","deprecated":true,"optional":true},"skip_hostname_verification":{"type":"bool","description_kind":"plain","optional":true},"sts_token_exchange_endpoint":{"type":"string","description_kind":"plain","optional":true},"targets":{"type":["set","string"],"description_kind":"plain","deprecated":true,"optional":true},"trusted_certificate_group_id":{"type":"number","description_kind":"plain","optional":true},"use_proxy":{"type":"bool","description_kind":"plain","optional":true},"use_slo":{"type":"bool","description_kind":"plain","optional":true}},"description_kind":"plain"}},"pingaccess_rule":{"version":0,"block":{"attributes":{"class_name":{"type":"string","description_kind":"plain","required":true},"configuration":{"type":"string","description_kind":"plain","required":true},"id":{"type":"string","description_kind":"plain","optional":true,"computed":true},"name":{"type":"string","description_kind":"plain","required":true},"supported_destinations":{"type":["set","string"],"description_kind":"plain","optional":true}},"description_kind":"plain"}},"pingaccess_ruleset":{"version":0,"block":{"attributes":{"element_type":{"type":"string","description_kind":"plain","required":true},"id":{"type":"string","description_kind":"plain","optional":true,"computed":true},"name":{"type":"string","description_kind":"plain","required":true},"policy":{"type":["set","string"],"description_kind":"plain","required":true},"success_criteria":{"type":"string","description_kind":"plain","required":true}},"description_kind":"plain"}},"pingaccess_site":{"version":0,"block":{"attributes":{"availability_profile_id":{"type":"number","description_kind":"plain","optional":true},"expected_hostname":{"type":"string","description_kind":"plain","optional":true},"id":{"type":"string","description_kind":"plain","optional":true,"computed":true},"keep_alive_timeout":{"type":"number","description_kind":"plain","optional":true},"load_balancing_strategy_id":{"type":"number","description_kind":"plain","optional":true},"max_connections":{"type":"number","description_kind":"plain","optional":true},"max_web_socket_connections":{"type":"number","description_kind":"plain","optional":true},"name":{"type":"string","description_kind":"plain","required":true},"secure":{"type":"bool","description_kind":"plain","optional":true},"send_pa_cookie":{"type":"bool","description_kind":"plain","optional":true},"site_authenticator_ids":{"type":["set","number"],"description_kind":"plain","optional":true},"skip_hostname_verification":{"type":"bool","description_kind":"plain","optional":true},"targets":{"type":["set","string"],"description_kind":"plain","required":true},"trusted_certificate_group_id":{"type":"number","description_kind":"plain","optional":true},"use_proxy":{"type":"bool","description_kind":"plain","optional":true},"use_target_host_header":{"type":"bool","description_kind":"plain","optional":true}},"description_kind":"plain"}},"pingaccess_site_authenticator":{"version":0,"block":{"attributes":{"class_name":{"type":"string","description_kind":"plain","required":true},"configuration":{"type":"string","description_kind":"plain","required":true},"id":{"type":"string","description_kind":"plain","optional":true,"computed":true},"name":{"type":"string","description_kind":"plain","required":true}},"description_kind":"plain"}},"pingaccess_third_party_service":{"version":0,"block":{"attributes":{"availability_profile_id":{"type":"number","description_kind":"plain","optional":true},"expected_hostname":{"type":"string","description_kind":"plain","optional":true},"host_value":{"type":"string","description_kind":"plain","optional":true},"id":{"type":"string","description_kind":"plain","optional":true,"computed":true},"load_balancing_strategy_id":{"type":"number","description_kind":"plain","optional":true},"max_connections":{"type":"number","description_kind":"plain","optional":true},"name":{"type":"string","description_kind":"plain","required":true},"secure":{"type":"bool","description_kind":"plain","optional":true},"skip_hostname_verification":{"type":"bool","description_kind":"plain","optional":true},"targets":{"type":["set","string"],"description_kind":"plain","required":true},"trusted_certificate_group_id":{"type":"number","description_kind":"plain","optional":true},"use_proxy":{"type":"bool","description_kind":"plain","optional":true}},"description_kind":"plain"}},"pingaccess_trusted_certificate_group":{"version":0,"block":{"attributes":{"cert_ids":{"type":["list","string"],"description_kind":"plain","optional":true},"id":{"type":"string","description_kind":"plain","optional":true,"computed":true},"ignore_all_certificate_errors":{"type":"bool","description_kind":"plain","optional":true},"name":{"type":"string","description_kind":"plain","required":true},"skip_certificate_date_check":{"type":"bool","description_kind":"plain","optional":true},"system_group":{"type":"bool","description_kind":"plain","computed":true},"use_java_trust_store":{"type":"bool","description_kind":"plain","optional":true}},"description_kind":"plain"}},"pingaccess_virtualhost":{"version":0,"block":{"attributes":{"agent_resource_cache_ttl":{"type":"number","description_kind":"plain","optional":true},"host":{"type":"string","description_kind":"plain","required":true},"id":{"type":"string","description_kind":"plain","optional":true,"computed":true},"key_pair_id":{"type":"number","description_kind":"plain","optional":true},"port":{"type":"number","description_kind":"plain","required":true},"trusted_certificate_group_id":{"type":"number","description_kind":"plain","optional":true}},"description_kind":"plain"}},"pingaccess_websession":{"version":0,"block":{"attributes":{"audience":{"type":"string","description_kind":"plain","required":true},"cache_user_attributes":{"type":"bool","description_kind":"plain","optional":true},"cookie_domain":{"type":"string","description_kind":"plain","optional":true},"cookie_type":{"type":"string","description_kind":"plain","optional":true},"enable_refresh_user":{"type":"bool","description_kind":"plain","optional":true},"http_only_cookie":{"type":"bool","description_kind":"plain","optional":true},"id":{"type":"string","description_kind":"plain","optional":true,"computed":true},"idle_timeout_in_minutes":{"type":"number","description_kind":"plain","optional":true},"name":{"type":"string","description_kind":"plain","required":true},"oidc_login_type":{"type":"string","description_kind":"plain","optional":true},"pfsession_state_cache_in_seconds":{"type":"number","description_kind":"plain","optional":true},"pkce_challenge_type":{"type":"string","description_kind":"plain","optional":true},"refresh_user_info_claims_interval":{"type":"number","description_kind":"plain","optional":true},"request_preservation_type":{"type":"string","description_kind":"plain","optional":true},"request_profile":{"type":"bool","description_kind":"plain","deprecated":true,"optional":true},"same_site":{"type":"string","description_kind":"plain","optional":true},"scopes":{"type":["set","string"],"description_kind":"plain","optional":true},"secure_cookie":{"type":"bool","description_kind":"plain","optional":true},"send_requested_url_to_provider":{"type":"bool","description_kind":"plain","optional":true},"session_timeout_in_minutes":{"type":"number","description_kind":"plain","optional":true},"validate_session_is_alive":{"type":"bool","description_kind":"plain","optional":true},"web_storage_type":{"type":"string","description_kind":"plain","optional":true}},"block_types":{"client_credentials":{"nesting_mode":"list","block":{"attributes":{"client_id":{"type":"string","description_kind":"plain","required":true}},"block_types":{"client_secret":{"nesting_mode":"list","block":{"attributes":{"encrypted_value":{"type":"string","description_kind":"plain","optional":true,"computed":true},"value":{"type":"string","description_kind":"plain","optional":true,"sensitive":true}},"description_kind":"plain"},"max_items":1}},"description_kind":"plain"},"min_items":1,"max_items":1}},"description_kind":"plain"}}},"data_source_schemas":{"pingaccess_acme_default":{"version":0,"block":{"attributes":{"id":{"type":"string","description_kind":"plain","optional":true,"computed":true},"location":{"type":"string","description_kind":"plain","computed":true}},"description_kind":"plain"}},"pingaccess_certificate":{"version":0,"block":{"attributes":{"alias":{"type":"string","description_kind":"plain","required":true},"expires":{"type":"number","description_kind":"plain","computed":true},"id":{"type":"string","description_kind":"plain","optional":true,"computed":true},"issuer_dn":{"type":"string","description_kind":"plain","computed":true},"md5sum":{"type":"string","description_kind":"plain","computed":true},"serial_number":{"type":"string","description_kind":"plain","computed":true},"sha1sum":{"type":"string","description_kind":"plain","computed":true},"signature_algorithm":{"type":"string","description_kind":"plain","computed":true},"status":{"type":"string","description_kind":"plain","computed":true},"subject_cn":{"type":"string","description_kind":"plain","computed":true},"subject_dn":{"type":"string","description_kind":"plain","computed":true},"valid_from":{"type":"number","description_kind":"plain","computed":true}},"description_kind":"plain"}},"pingaccess_keypair":{"version":0,"block":{"attributes":{"alias":{"type":"string","description_kind":"plain","required":true},"chain_certificates":{"type":["set",["object",{"alias":"string","expires":"number","issuer_dn":"string","md5sum":"string","serial_number":"string","sha1sum":"string","signature_algorithm":"string","status":"string","subject_cn":"string","subject_dn":"string","valid_from":"number"}]],"description_kind":"plain","computed":true},"csr_pending":{"type":"bool","description_kind":"plain","computed":true},"expires":{"type":"number","description_kind":"plain","computed":true},"hsm_provider_id":{"type":"number","description_kind":"plain","optional":true},"id":{"type":"string","description_kind":"plain","optional":true,"computed":true},"issuer_dn":{"type":"string","description_kind":"plain","computed":true},"md5sum":{"type":"string","description_kind":"plain","computed":true},"serial_number":{"type":"string","description_kind":"plain","computed":true},"sha1sum":{"type":"string","description_kind":"plain","computed":true},"signature_algorithm":{"type":"string","description_kind":"plain","computed":true},"status":{"type":"string","description_kind":"plain","computed":true},"subject_cn":{"type":"string","description_kind":"plain","computed":true},"subject_dn":{"type":"string","description_kind":"plain","computed":true},"valid_from":{"type":"number","description_kind":"plain","computed":true}},"description_kind":"plain"}},"pingaccess_pingfederate_runtime_metadata":{"version":0,"block":{"attributes":{"authorization_endpoint":{"type":"string","description_kind":"plain","computed":true},"backchannel_authentication_endpoint":{"type":"string","description_kind":"plain","computed":true},"claim_types_supported":{"type":["list","string"],"description_kind":"plain","computed":true},"claims_parameter_supported":{"type":"bool","description_kind":"plain","computed":true},"claims_supported":{"type":["list","string"],"description_kind":"plain","computed":true},"code_challenge_methods_supported":{"type":["list","string"],"description_kind":"plain","computed":true},"end_session_endpoint":{"type":"string","description_kind":"plain","computed":true},"grant_types_supported":{"type":["list","string"],"description_kind":"plain","computed":true},"id":{"type":"string","description_kind":"plain","optional":true,"computed":true},"id_token_signing_alg_values_supported":{"type":["list","string"],"description_kind":"plain","computed":true},"introspection_endpoint":{"type":"string","description_kind":"plain","computed":true},"issuer":{"type":"string","description_kind":"plain","computed":true},"jwks_uri":{"type":"string","description_kind":"plain","computed":true},"ping_end_session_endpoint":{"type":"string","description_kind":"plain","computed":true},"ping_revoked_sris_endpoint":{"type":"string","description_kind":"plain","computed":true},"request_object_signing_alg_values_supported":{"type":["list","string"],"description_kind":"plain","computed":true},"request_parameter_supported":{"type":"bool","description_kind":"plain","computed":true},"request_uri_parameter_supported":{"type":"bool","description_kind":"plain","computed":true},"response_modes_supported":{"type":["list","string"],"description_kind":"plain","computed":true},"response_types_supported":{"type":["list","string"],"description_kind":"plain","computed":true},"revocation_endpoint":{"type":"string","description_kind":"plain","computed":true},"scopes_supported":{"type":["list","string"],"description_kind":"plain","computed":true},"subject_types_supported":{"type":["list","string"],"description_kind":"plain","computed":true},"token_endpoint":{"type":"string","description_kind":"plain","computed":true},"token_endpoint_auth_methods_supported":{"type":["list","string"],"description_kind":"plain","computed":true},"userinfo_endpoint":{"type":"string","description_kind":"plain","computed":true},"userinfo_signing_alg_values_supported":{"type":["list","string"],"description_kind":"plain","computed":true}},"description_kind":"plain"}},"pingaccess_trusted_certificate_group":{"version":0,"block":{"attributes":{"cert_ids":{"type":["list","string"],"description_kind":"plain","computed":true},"id":{"type":"string","description_kind":"plain","optional":true,"computed":true},"ignore_all_certificate_errors":{"type":"bool","description_kind":"plain","computed":true},"name":{"type":"string","description_kind":"plain","required":true},"skip_certificate_date_check":{"type":"bool","description_kind":"plain","computed":true},"system_group":{"type":"bool","description_kind":"plain","computed":true},"use_java_trust_store":{"type":"bool","description_kind":"plain","computed":true}},"description_kind":"plain"}}}}}}
