{"format_version":"0.1","provider_schemas":{"registry.terraform.io/chanzuckerberg/snowflake":{"provider":{"version":0,"block":{"attributes":{"account":{"type":"string","description_kind":"plain","required":true},"browser_auth":{"type":"bool","description_kind":"plain","optional":true},"oauth_access_token":{"type":"string","description_kind":"plain","optional":true,"sensitive":true},"password":{"type":"string","description_kind":"plain","optional":true,"sensitive":true},"private_key_path":{"type":"string","description_kind":"plain","optional":true,"sensitive":true},"region":{"type":"string","description_kind":"plain","optional":true},"role":{"type":"string","description_kind":"plain","optional":true},"username":{"type":"string","description_kind":"plain","required":true}},"description_kind":"plain"}},"resource_schemas":{"snowflake_account_grant":{"version":0,"block":{"attributes":{"id":{"type":"string","description_kind":"plain","optional":true,"computed":true},"privilege":{"type":"string","description":"The privilege to grant on the schema.","description_kind":"plain","optional":true},"roles":{"type":["set","string"],"description":"Grants privilege to these roles.","description_kind":"plain","optional":true},"with_grant_option":{"type":"bool","description":"When this is set to true, allows the recipient role to grant the privileges to other roles.","description_kind":"plain","optional":true}},"description_kind":"plain"}},"snowflake_database":{"version":0,"block":{"attributes":{"comment":{"type":"string","description_kind":"plain","optional":true},"data_retention_time_in_days":{"type":"number","description_kind":"plain","optional":true,"computed":true},"from_database":{"type":"string","description":"Specify a database to create a clone from.","description_kind":"plain","optional":true},"from_share":{"type":["map","string"],"description":"Specify a provider and a share in this map to create a database from a share.","description_kind":"plain","optional":true},"id":{"type":"string","description_kind":"plain","optional":true,"computed":true},"name":{"type":"string","description_kind":"plain","required":true}},"description_kind":"plain"}},"snowflake_database_grant":{"version":0,"block":{"attributes":{"database_name":{"type":"string","description":"The name of the database on which to grant privileges.","description_kind":"plain","required":true},"id":{"type":"string","description_kind":"plain","optional":true,"computed":true},"privilege":{"type":"string","description":"The privilege to grant on the database.","description_kind":"plain","optional":true},"roles":{"type":["set","string"],"description":"Grants privilege to these roles.","description_kind":"plain","optional":true},"shares":{"type":["set","string"],"description":"Grants privilege to these shares.","description_kind":"plain","optional":true},"with_grant_option":{"type":"bool","description":"When this is set to true, allows the recipient role to grant the privileges to other roles.","description_kind":"plain","optional":true}},"description_kind":"plain"}},"snowflake_integration_grant":{"version":0,"block":{"attributes":{"id":{"type":"string","description_kind":"plain","optional":true,"computed":true},"integration_name":{"type":"string","description":"Identifier for the integration; must be unique for your account.","description_kind":"plain","required":true},"privilege":{"type":"string","description":"The privilege to grant on the integration.","description_kind":"plain","optional":true},"roles":{"type":["set","string"],"description":"Grants privilege to these roles.","description_kind":"plain","optional":true},"with_grant_option":{"type":"bool","description":"When this is set to true, allows the recipient role to grant the privileges to other roles.","description_kind":"plain","optional":true}},"description_kind":"plain"}},"snowflake_managed_account":{"version":0,"block":{"attributes":{"admin_name":{"type":"string","description":"Identifier, as well as login name, for the initial user in the managed account. This user serves as the account administrator for the account.","description_kind":"plain","required":true},"admin_password":{"type":"string","description":"Password for the initial user in the managed account.","description_kind":"plain","required":true,"sensitive":true},"cloud":{"type":"string","description":"Cloud in which the managed account is located.","description_kind":"plain","computed":true},"comment":{"type":"string","description":"Specifies a comment for the managed account.","description_kind":"plain","optional":true},"created_on":{"type":"string","description":"Date and time when the managed account was created.","description_kind":"plain","computed":true},"id":{"type":"string","description_kind":"plain","optional":true,"computed":true},"locator":{"type":"string","description":"Display name of the managed account.","description_kind":"plain","computed":true},"name":{"type":"string","description":"Identifier for the managed account; must be unique for your account.","description_kind":"plain","required":true},"region":{"type":"string","description":"Snowflake Region in which the managed account is located.","description_kind":"plain","computed":true},"type":{"type":"string","description":"Specifies the type of managed account.","description_kind":"plain","optional":true},"url":{"type":"string","description":"URL for accessing the managed account, particularly through the web interface.","description_kind":"plain","computed":true}},"description_kind":"plain"}},"snowflake_pipe":{"version":0,"block":{"attributes":{"auto_ingest":{"type":"bool","description":"Specifies a auto_ingest param for the pipe.","description_kind":"plain","optional":true},"comment":{"type":"string","description":"Specifies a comment for the pipe.","description_kind":"plain","optional":true},"copy_statement":{"type":"string","description":"Specifies the copy statement for the pipe.","description_kind":"plain","required":true},"database":{"type":"string","description":"The database in which to create the pipe.","description_kind":"plain","required":true},"id":{"type":"string","description_kind":"plain","optional":true,"computed":true},"name":{"type":"string","description":"Specifies the identifier for the pipe; must be unique for the database and schema in which the pipe is created.","description_kind":"plain","required":true},"notification_channel":{"type":"string","description":"Amazon Resource Name of the Amazon SQS queue for the stage named in the DEFINITION column.","description_kind":"plain","computed":true},"owner":{"type":"string","description":"Name of the role that owns the pipe.","description_kind":"plain","computed":true},"schema":{"type":"string","description":"The schema in which to create the pipe.","description_kind":"plain","required":true}},"description_kind":"plain"}},"snowflake_resource_monitor":{"version":0,"block":{"attributes":{"credit_quota":{"type":"number","description":"The amount of credits allocated monthly to the resource monitor, round up to 2 decimal places.","description_kind":"plain","optional":true,"computed":true},"end_timestamp":{"type":"string","description":"The date and time when the resource monitor suspends the assigned warehouses.","description_kind":"plain","optional":true},"frequency":{"type":"string","description":"The frequency interval at which the credit usage resets to 0. If you set a frequency for a resource monitor, you must also set START_TIMESTAMP.","description_kind":"plain","optional":true,"computed":true},"id":{"type":"string","description_kind":"plain","optional":true,"computed":true},"name":{"type":"string","description":"Identifier for the resource monitor; must be unique for your account.","description_kind":"plain","required":true},"notify_triggers":{"type":["set","number"],"description":"A list of percentage thresholds at which to send an alert to subscribed users.","description_kind":"plain","optional":true},"start_timestamp":{"type":"string","description":"The date and time when the resource monitor starts monitoring credit usage for the assigned warehouses.","description_kind":"plain","optional":true,"computed":true},"suspend_immediate_triggers":{"type":["set","number"],"description":"A list of percentage thresholds at which to immediately suspend all warehouses.","description_kind":"plain","optional":true},"suspend_triggers":{"type":["set","number"],"description":"A list of percentage thresholds at which to suspend all warehouses.","description_kind":"plain","optional":true}},"description_kind":"plain"}},"snowflake_resource_monitor_grant":{"version":0,"block":{"attributes":{"id":{"type":"string","description_kind":"plain","optional":true,"computed":true},"monitor_name":{"type":"string","description":"Identifier for the resource monitor; must be unique for your account.","description_kind":"plain","required":true},"privilege":{"type":"string","description":"The privilege to grant on the resource monitor.","description_kind":"plain","optional":true},"roles":{"type":["set","string"],"description":"Grants privilege to these roles.","description_kind":"plain","optional":true},"with_grant_option":{"type":"bool","description":"When this is set to true, allows the recipient role to grant the privileges to other roles.","description_kind":"plain","optional":true}},"description_kind":"plain"}},"snowflake_role":{"version":0,"block":{"attributes":{"comment":{"type":"string","description_kind":"plain","optional":true},"id":{"type":"string","description_kind":"plain","optional":true,"computed":true},"name":{"type":"string","description_kind":"plain","required":true}},"description_kind":"plain"}},"snowflake_role_grants":{"version":0,"block":{"attributes":{"id":{"type":"string","description_kind":"plain","optional":true,"computed":true},"role_name":{"type":"string","description":"The name of the role we are granting.","description_kind":"plain","required":true},"roles":{"type":["set","string"],"description":"Grants role to this specified role.","description_kind":"plain","optional":true},"users":{"type":["set","string"],"description":"Grants role to this specified user.","description_kind":"plain","optional":true}},"description_kind":"plain"}},"snowflake_schema":{"version":0,"block":{"attributes":{"comment":{"type":"string","description":"Specifies a comment for the schema.","description_kind":"plain","optional":true},"data_retention_days":{"type":"number","description":"Specifies the number of days for which Time Travel actions (CLONE and UNDROP) can be performed on the schema, as well as specifying the default Time Travel retention time for all tables created in the schema.","description_kind":"plain","optional":true},"database":{"type":"string","description":"The database in which to create the schema.","description_kind":"plain","required":true},"id":{"type":"string","description_kind":"plain","optional":true,"computed":true},"is_managed":{"type":"bool","description":"Specifies a managed schema. Managed access schemas centralize privilege management with the schema owner.","description_kind":"plain","optional":true},"is_transient":{"type":"bool","description":"Specifies a schema as transient. Transient schemas do not have a Fail-safe period so they do not incur additional storage costs once they leave Time Travel; however, this means they are also not protected by Fail-safe in the event of a data loss.","description_kind":"plain","optional":true},"name":{"type":"string","description":"Specifies the identifier for the schema; must be unique for the database in which the schema is created.","description_kind":"plain","required":true}},"description_kind":"plain"}},"snowflake_schema_grant":{"version":0,"block":{"attributes":{"database_name":{"type":"string","description":"The name of the database containing the schema on which to grant privileges.","description_kind":"plain","required":true},"id":{"type":"string","description_kind":"plain","optional":true,"computed":true},"on_future":{"type":"bool","description":"When this is set to true, apply this grant on all future schemas in the given database. The schema_name and shares fields must be unset in order to use on_future.","description_kind":"plain","optional":true},"privilege":{"type":"string","description":"The privilege to grant on the current or future schema. Note that if \"OWNERSHIP\" is specified, ensure that the role that terraform is using is granted access.","description_kind":"plain","optional":true},"roles":{"type":["set","string"],"description":"Grants privilege to these roles.","description_kind":"plain","optional":true},"schema_name":{"type":"string","description":"The name of the schema on which to grant privileges.","description_kind":"plain","optional":true},"shares":{"type":["set","string"],"description":"Grants privilege to these shares (only valid if on_future is unset).","description_kind":"plain","optional":true},"with_grant_option":{"type":"bool","description":"When this is set to true, allows the recipient role to grant the privileges to other roles.","description_kind":"plain","optional":true}},"description_kind":"plain"}},"snowflake_share":{"version":0,"block":{"attributes":{"accounts":{"type":["list","string"],"description":"A list of accounts to be added to the share.","description_kind":"plain","optional":true},"comment":{"type":"string","description":"Specifies a comment for the managed account.","description_kind":"plain","optional":true},"id":{"type":"string","description_kind":"plain","optional":true,"computed":true},"name":{"type":"string","description":"Specifies the identifier for the share; must be unique for the account in which the share is created.","description_kind":"plain","required":true}},"description_kind":"plain"}},"snowflake_stage":{"version":0,"block":{"attributes":{"aws_external_id":{"type":"string","description_kind":"plain","optional":true,"computed":true},"comment":{"type":"string","description":"Specifies a comment for the stage.","description_kind":"plain","optional":true},"copy_options":{"type":"string","description":"Specifies the copy options for the stage.","description_kind":"plain","optional":true},"credentials":{"type":"string","description":"Specifies the credentials for the stage.","description_kind":"plain","optional":true,"sensitive":true},"database":{"type":"string","description":"The database in which to create the stage.","description_kind":"plain","required":true},"encryption":{"type":"string","description":"Specifies the encryption settings for the stage.","description_kind":"plain","optional":true},"file_format":{"type":"string","description":"Specifies the file format for the stage.","description_kind":"plain","optional":true},"id":{"type":"string","description_kind":"plain","optional":true,"computed":true},"name":{"type":"string","description":"Specifies the identifier for the stage; must be unique for the database and schema in which the stage is created.","description_kind":"plain","required":true},"schema":{"type":"string","description":"The schema in which to create the stage.","description_kind":"plain","required":true},"snowflake_iam_user":{"type":"string","description_kind":"plain","optional":true,"computed":true},"storage_integration":{"type":"string","description":"Specifies the name of the storage integration used to delegate authentication responsibility for external cloud storage to a Snowflake identity and access management (IAM) entity.","description_kind":"plain","optional":true},"url":{"type":"string","description":"Specifies the URL for the stage.","description_kind":"plain","optional":true}},"description_kind":"plain"}},"snowflake_stage_grant":{"version":0,"block":{"attributes":{"database_name":{"type":"string","description":"The name of the database containing the current stage on which to grant privileges.","description_kind":"plain","required":true},"id":{"type":"string","description_kind":"plain","optional":true,"computed":true},"privilege":{"type":"string","description":"The privilege to grant on the stage.","description_kind":"plain","optional":true},"roles":{"type":["set","string"],"description":"Grants privilege to these roles.","description_kind":"plain","optional":true},"schema_name":{"type":"string","description":"The name of the schema containing the current stage on which to grant privileges.","description_kind":"plain","required":true},"shares":{"type":["set","string"],"description":"Grants privilege to these shares.","description_kind":"plain","optional":true},"stage_name":{"type":"string","description":"The name of the stage on which to grant privileges.","description_kind":"plain","required":true},"with_grant_option":{"type":"bool","description":"When this is set to true, allows the recipient role to grant the privileges to other roles.","description_kind":"plain","optional":true}},"description_kind":"plain"}},"snowflake_storage_integration":{"version":0,"block":{"attributes":{"azure_tenant_id":{"type":"string","description_kind":"plain","optional":true},"comment":{"type":"string","description_kind":"plain","optional":true},"created_on":{"type":"string","description":"Date and time when the storage integration was created.","description_kind":"plain","computed":true},"enabled":{"type":"bool","description_kind":"plain","optional":true},"id":{"type":"string","description_kind":"plain","optional":true,"computed":true},"name":{"type":"string","description_kind":"plain","required":true},"storage_allowed_locations":{"type":["list","string"],"description":"Explicitly limits external stages that use the integration to reference one or more storage locations.","description_kind":"plain","required":true},"storage_aws_external_id":{"type":"string","description":"The external ID that Snowflake will use when assuming the AWS role.","description_kind":"plain","computed":true},"storage_aws_iam_user_arn":{"type":"string","description":"The Snowflake user that will attempt to assume the AWS role.","description_kind":"plain","computed":true},"storage_aws_role_arn":{"type":"string","description_kind":"plain","optional":true},"storage_blocked_locations":{"type":["list","string"],"description":"Explicitly prohibits external stages that use the integration from referencing one or more storage locations.","description_kind":"plain","optional":true},"storage_provider":{"type":"string","description_kind":"plain","required":true},"type":{"type":"string","description_kind":"plain","optional":true}},"description_kind":"plain"}},"snowflake_table_grant":{"version":0,"block":{"attributes":{"database_name":{"type":"string","description":"The name of the database containing the current or future tables on which to grant privileges.","description_kind":"plain","required":true},"id":{"type":"string","description_kind":"plain","optional":true,"computed":true},"on_future":{"type":"bool","description":"When this is set to true and a schema_name is provided, apply this grant on all future tables in the given schema. When this is true and no schema_name is provided apply this grant on all future tables in the given database. The table_name and shares fields must be unset in order to use on_future.","description_kind":"plain","optional":true},"privilege":{"type":"string","description":"The privilege to grant on the current or future table.","description_kind":"plain","optional":true},"roles":{"type":["set","string"],"description":"Grants privilege to these roles.","description_kind":"plain","optional":true},"schema_name":{"type":"string","description":"The name of the schema containing the current or future tables on which to grant privileges.","description_kind":"plain","optional":true},"shares":{"type":["set","string"],"description":"Grants privilege to these shares (only valid if on_future is unset).","description_kind":"plain","optional":true},"table_name":{"type":"string","description":"The name of the table on which to grant privileges immediately (only valid if on_future is unset).","description_kind":"plain","optional":true},"with_grant_option":{"type":"bool","description":"When this is set to true, allows the recipient role to grant the privileges to other roles.","description_kind":"plain","optional":true}},"description_kind":"plain"}},"snowflake_task":{"version":0,"block":{"attributes":{"after":{"type":"string","description":"Specifies the predecessor task in the same database and schema of the current task. When a run of the predecessor task finishes successfully, it triggers this task (after a brief lag).","description_kind":"plain","optional":true},"comment":{"type":"string","description":"Specifies a comment for the task.","description_kind":"plain","optional":true},"database":{"type":"string","description":"The database in which to create the task.","description_kind":"plain","required":true},"enabled":{"type":"bool","description":"Specifies if the task should be started (enabled) after creation or should remain suspended (default).","description_kind":"plain","optional":true},"id":{"type":"string","description_kind":"plain","optional":true,"computed":true},"name":{"type":"string","description":"Specifies the identifier for the task; must be unique for the database and schema in which the task is created.","description_kind":"plain","required":true},"schedule":{"type":"string","description":"The schedule for periodically running the task. This can be a cron or interval in minutes.","description_kind":"plain","optional":true},"schema":{"type":"string","description":"The schema in which to create the task.","description_kind":"plain","required":true},"session_parameters":{"type":["map","string"],"description":"Specifies session parameters to set for the session when the task runs. A task supports all session parameters.","description_kind":"plain","optional":true},"sql_statement":{"type":"string","description":"Any single SQL statement, or a call to a stored procedure, executed when the task runs.","description_kind":"plain","required":true},"user_task_timeout_ms":{"type":"number","description":"Specifies the time limit on a single run of the task before it times out (in milliseconds).","description_kind":"plain","optional":true},"warehouse":{"type":"string","description":"The warehouse the task will use.","description_kind":"plain","required":true},"when":{"type":"string","description":"Specifies a Boolean SQL expression; multiple conditions joined with AND/OR are supported.","description_kind":"plain","optional":true}},"description_kind":"plain"}},"snowflake_user":{"version":0,"block":{"attributes":{"comment":{"type":"string","description_kind":"plain","optional":true},"default_namespace":{"type":"string","description":"Specifies the namespace (database only or database and schema) that is active by default for the user’s session upon login.","description_kind":"plain","optional":true},"default_role":{"type":"string","description":"Specifies the role that is active by default for the user’s session upon login.","description_kind":"plain","optional":true,"computed":true},"default_warehouse":{"type":"string","description":"Specifies the virtual warehouse that is active by default for the user’s session upon login.","description_kind":"plain","optional":true},"disabled":{"type":"bool","description_kind":"plain","optional":true,"computed":true},"display_name":{"type":"string","description":"Name displayed for the user in the Snowflake web interface.","description_kind":"plain","optional":true,"computed":true},"email":{"type":"string","description":"Email address for the user.","description_kind":"plain","optional":true},"first_name":{"type":"string","description":"First name of the user.","description_kind":"plain","optional":true},"has_rsa_public_key":{"type":"bool","description":"Will be true if user as an RSA key set.","description_kind":"plain","computed":true},"id":{"type":"string","description_kind":"plain","optional":true,"computed":true},"last_name":{"type":"string","description":"Last name of the user.","description_kind":"plain","optional":true},"login_name":{"type":"string","description":"The name users use to log in. If not supplied, snowflake will use name instead.","description_kind":"plain","optional":true,"computed":true},"must_change_password":{"type":"bool","description":"Specifies whether the user is forced to change their password on next login (including their first/initial login) into the system.","description_kind":"plain","optional":true},"name":{"type":"string","description":"Name of the user. Note that if you do not supply login_name this will be used as login_name. [doc](https://docs.snowflake.net/manuals/sql-reference/sql/create-user.html#required-parameters)","description_kind":"plain","required":true},"password":{"type":"string","description":"**WARNING:** this will put the password in the terraform state file. Use carefully.","description_kind":"plain","optional":true,"sensitive":true},"rsa_public_key":{"type":"string","description":"Specifies the user’s RSA public key; used for key-pair authentication. Must be on 1 line without header and trailer.","description_kind":"plain","optional":true},"rsa_public_key_2":{"type":"string","description":"Specifies the user’s second RSA public key; used to rotate the public and private keys for key-pair authentication based on an expiration schedule set by your organization. Must be on 1 line without header and trailer.","description_kind":"plain","optional":true}},"description_kind":"plain"}},"snowflake_view":{"version":0,"block":{"attributes":{"comment":{"type":"string","description":"Specifies a comment for the view.","description_kind":"plain","optional":true},"database":{"type":"string","description":"The database in which to create the view. Don't use the | character.","description_kind":"plain","required":true},"id":{"type":"string","description_kind":"plain","optional":true,"computed":true},"is_secure":{"type":"bool","description":"Specifies that the view is secure.","description_kind":"plain","optional":true},"name":{"type":"string","description":"Specifies the identifier for the view; must be unique for the schema in which the view is created. Don't use the | character.","description_kind":"plain","required":true},"or_replace":{"type":"bool","description":"Overwrites the View if it exists.","description_kind":"plain","optional":true},"schema":{"type":"string","description":"The schema in which to create the view. Don't use the | character.","description_kind":"plain","optional":true},"statement":{"type":"string","description":"Specifies the query used to create the view.","description_kind":"plain","required":true}},"description_kind":"plain"}},"snowflake_view_grant":{"version":0,"block":{"attributes":{"database_name":{"type":"string","description":"The name of the database containing the current or future views on which to grant privileges.","description_kind":"plain","required":true},"id":{"type":"string","description_kind":"plain","optional":true,"computed":true},"on_future":{"type":"bool","description":"When this is set to true and a schema_name is provided, apply this grant on all future views in the given schema. When this is true and no schema_name is provided apply this grant on all future views in the given database. The view_name and shares fields must be unset in order to use on_future.","description_kind":"plain","optional":true},"privilege":{"type":"string","description":"The privilege to grant on the current or future view.","description_kind":"plain","optional":true},"roles":{"type":["set","string"],"description":"Grants privilege to these roles.","description_kind":"plain","optional":true},"schema_name":{"type":"string","description":"The name of the schema containing the current or future views on which to grant privileges.","description_kind":"plain","optional":true},"shares":{"type":["set","string"],"description":"Grants privilege to these shares (only valid if on_future is unset).","description_kind":"plain","optional":true},"view_name":{"type":"string","description":"The name of the view on which to grant privileges immediately (only valid if on_future is unset).","description_kind":"plain","optional":true},"with_grant_option":{"type":"bool","description":"When this is set to true, allows the recipient role to grant the privileges to other roles.","description_kind":"plain","optional":true}},"description_kind":"plain"}},"snowflake_warehouse":{"version":0,"block":{"attributes":{"auto_resume":{"type":"bool","description":"Specifies whether to automatically resume a warehouse when a SQL statement (e.g. query) is submitted to it.","description_kind":"plain","optional":true,"computed":true},"auto_suspend":{"type":"number","description":"Specifies the number of seconds of inactivity after which a warehouse is automatically suspended.","description_kind":"plain","optional":true,"computed":true},"comment":{"type":"string","description_kind":"plain","optional":true},"id":{"type":"string","description_kind":"plain","optional":true,"computed":true},"initially_suspended":{"type":"bool","description":"Specifies whether the warehouse is created initially in the ‘Suspended’ state.","description_kind":"plain","optional":true},"max_cluster_count":{"type":"number","description":"Specifies the maximum number of server clusters for the warehouse.","description_kind":"plain","optional":true,"computed":true},"min_cluster_count":{"type":"number","description":"Specifies the minimum number of server clusters for the warehouse (only applies to multi-cluster warehouses).","description_kind":"plain","optional":true,"computed":true},"name":{"type":"string","description_kind":"plain","required":true},"resource_monitor":{"type":"string","description":"Specifies the name of a resource monitor that is explicitly assigned to the warehouse.","description_kind":"plain","optional":true,"computed":true},"scaling_policy":{"type":"string","description":"Specifies the policy for automatically starting and shutting down clusters in a multi-cluster warehouse running in Auto-scale mode.","description_kind":"plain","optional":true,"computed":true},"statement_timeout_in_seconds":{"type":"number","description":"Specifies the time, in seconds, after which a running SQL statement (query, DDL, DML, etc.) is canceled by the system","description_kind":"plain","optional":true},"wait_for_provisioning":{"type":"bool","description":"Specifies whether the warehouse, after being resized, waits for all the servers to provision before executing any queued or new queries.","description_kind":"plain","optional":true},"warehouse_size":{"type":"string","description_kind":"plain","optional":true,"computed":true}},"description_kind":"plain"}},"snowflake_warehouse_grant":{"version":0,"block":{"attributes":{"id":{"type":"string","description_kind":"plain","optional":true,"computed":true},"privilege":{"type":"string","description":"The privilege to grant on the warehouse.","description_kind":"plain","optional":true},"roles":{"type":["set","string"],"description":"Grants privilege to these roles.","description_kind":"plain","optional":true},"warehouse_name":{"type":"string","description":"The name of the warehouse on which to grant privileges.","description_kind":"plain","required":true},"with_grant_option":{"type":"bool","description":"When this is set to true, allows the recipient role to grant the privileges to other roles.","description_kind":"plain","optional":true}},"description_kind":"plain"}}}}}}
