{"format_version":"0.1","provider_schemas":{"registry.terraform.io/scaleway/scaleway":{"provider":{"version":0,"block":{"attributes":{"access_key":{"type":"string","description":"The Scaleway access key.","description_kind":"plain","optional":true},"organization":{"type":"string","description_kind":"plain","optional":true},"organization_id":{"type":"string","description":"The Scaleway organization ID.","description_kind":"plain","optional":true},"region":{"type":"string","description":"The Scaleway default region to use for your resources.","description_kind":"plain","optional":true},"secret_key":{"type":"string","description":"The Scaleway secret Key.","description_kind":"plain","optional":true},"token":{"type":"string","description_kind":"plain","optional":true},"zone":{"type":"string","description":"The Scaleway default zone to use for your resources.","description_kind":"plain","optional":true}},"description_kind":"plain"}},"resource_schemas":{"scaleway_account_ssh_key":{"version":0,"block":{"attributes":{"id":{"type":"string","description_kind":"plain","optional":true,"computed":true},"name":{"type":"string","description":"The name of the SSH key","description_kind":"plain","optional":true},"organization_id":{"type":"string","description":"The organization_id you want to attach the resource to","description_kind":"plain","optional":true,"computed":true},"public_key":{"type":"string","description":"The public SSH key","description_kind":"plain","required":true}},"description_kind":"plain"}},"scaleway_baremetal_server":{"version":0,"block":{"attributes":{"description":{"type":"string","description":"Some description to associate to the server, max 255 characters","description_kind":"plain","optional":true},"domain":{"type":"string","description_kind":"plain","computed":true},"hostname":{"type":"string","description":"Hostname of the server","description_kind":"plain","optional":true},"id":{"type":"string","description_kind":"plain","optional":true,"computed":true},"ips":{"type":["list",["object",{"address":"string","id":"string","reverse":"string","version":"string"}]],"description_kind":"plain","computed":true},"name":{"type":"string","description":"Name of the server","description_kind":"plain","optional":true,"computed":true},"offer":{"type":"string","description":"ID of the server offer","description_kind":"plain","required":true},"offer_id":{"type":"string","description":"ID of the server offer","description_kind":"plain","computed":true},"organization_id":{"type":"string","description":"The organization_id you want to attach the resource to","description_kind":"plain","optional":true,"computed":true},"os":{"type":"string","description":"The base image of the server","description_kind":"plain","required":true},"os_id":{"type":"string","description":"The base image id of the server","description_kind":"plain","computed":true},"ssh_key_ids":{"type":["list","string"],"description":"Array of SSH key IDs allowed to SSH to the server","description_kind":"plain","required":true},"tags":{"type":["list","string"],"description":"Array of tags to associate with the server","description_kind":"plain","optional":true},"zone":{"type":"string","description":"The zone you want to attach the resource to","description_kind":"plain","optional":true,"computed":true}},"block_types":{"timeouts":{"nesting_mode":"single","block":{"attributes":{"create":{"type":"string","description_kind":"plain","optional":true},"delete":{"type":"string","description_kind":"plain","optional":true}},"description_kind":"plain"}}},"description_kind":"plain"}},"scaleway_instance_ip":{"version":0,"block":{"attributes":{"address":{"type":"string","description":"The IP address","description_kind":"plain","computed":true},"id":{"type":"string","description_kind":"plain","optional":true,"computed":true},"organization_id":{"type":"string","description":"The organization_id you want to attach the resource to","description_kind":"plain","optional":true,"computed":true},"reverse":{"type":"string","description":"The reverse DNS for this IP","description_kind":"plain","computed":true},"server_id":{"type":"string","description":"The server associated with this IP","description_kind":"plain","optional":true},"zone":{"type":"string","description":"The zone you want to attach the resource to","description_kind":"plain","optional":true,"computed":true}},"description_kind":"plain"}},"scaleway_instance_ip_reverse_dns":{"version":0,"block":{"attributes":{"id":{"type":"string","description_kind":"plain","optional":true,"computed":true},"ip_id":{"type":"string","description":"The IP ID or IP address","description_kind":"plain","required":true},"reverse":{"type":"string","description":"The reverse DNS for this IP","description_kind":"plain","required":true},"zone":{"type":"string","description":"The zone you want to attach the resource to","description_kind":"plain","optional":true,"computed":true}},"description_kind":"plain"}},"scaleway_instance_placement_group":{"version":0,"block":{"attributes":{"id":{"type":"string","description_kind":"plain","optional":true,"computed":true},"name":{"type":"string","description":"The name of the placement group","description_kind":"plain","optional":true,"computed":true},"organization_id":{"type":"string","description":"The organization_id you want to attach the resource to","description_kind":"plain","optional":true,"computed":true},"policy_mode":{"type":"string","description":"One of the two policy_mode may be selected: enforced or optional.","description_kind":"plain","optional":true},"policy_respected":{"type":"bool","description":"Is true when the policy is respected.","description_kind":"plain","computed":true},"policy_type":{"type":"string","description":"The operating mode is selected by a policy_type","description_kind":"plain","optional":true},"zone":{"type":"string","description":"The zone you want to attach the resource to","description_kind":"plain","optional":true,"computed":true}},"description_kind":"plain"}},"scaleway_instance_security_group":{"version":0,"block":{"attributes":{"description":{"type":"string","description":"The description of the security group","description_kind":"plain","optional":true},"external_rules":{"type":"bool","description_kind":"plain","optional":true},"id":{"type":"string","description_kind":"plain","optional":true,"computed":true},"inbound_default_policy":{"type":"string","description":"Default inbound traffic policy for this security group","description_kind":"plain","optional":true},"name":{"type":"string","description":"The name of the security group","description_kind":"plain","optional":true,"computed":true},"organization_id":{"type":"string","description":"The organization_id you want to attach the resource to","description_kind":"plain","optional":true,"computed":true},"outbound_default_policy":{"type":"string","description":"Default outbound traffic policy for this security group","description_kind":"plain","optional":true},"stateful":{"type":"bool","description":"The stateful value of the security group","description_kind":"plain","optional":true},"zone":{"type":"string","description":"The zone you want to attach the resource to","description_kind":"plain","optional":true,"computed":true}},"block_types":{"inbound_rule":{"nesting_mode":"list","block":{"attributes":{"action":{"type":"string","description":"Action when rule match request (drop or accept)","description_kind":"plain","required":true},"ip":{"type":"string","description":"Ip address for this rule (e.g: 1.1.1.1). Only one of ip or ip_range should be provided","description_kind":"plain","optional":true},"ip_range":{"type":"string","description":"Ip range for this rule (e.g: 192.168.1.0/24). Only one of ip or ip_range should be provided","description_kind":"plain","optional":true},"port":{"type":"number","description":"Network port for this rule","description_kind":"plain","optional":true},"port_range":{"type":"string","description":"Computed port range for this rule (e.g: 1-1024, 22-22)","description_kind":"plain","optional":true},"protocol":{"type":"string","description":"Protocol for this rule (TCP, UDP, ICMP or ANY)","description_kind":"plain","optional":true}},"description_kind":"plain"}},"outbound_rule":{"nesting_mode":"list","block":{"attributes":{"action":{"type":"string","description":"Action when rule match request (drop or accept)","description_kind":"plain","required":true},"ip":{"type":"string","description":"Ip address for this rule (e.g: 1.1.1.1). Only one of ip or ip_range should be provided","description_kind":"plain","optional":true},"ip_range":{"type":"string","description":"Ip range for this rule (e.g: 192.168.1.0/24). Only one of ip or ip_range should be provided","description_kind":"plain","optional":true},"port":{"type":"number","description":"Network port for this rule","description_kind":"plain","optional":true},"port_range":{"type":"string","description":"Computed port range for this rule (e.g: 1-1024, 22-22)","description_kind":"plain","optional":true},"protocol":{"type":"string","description":"Protocol for this rule (TCP, UDP, ICMP or ANY)","description_kind":"plain","optional":true}},"description_kind":"plain"}}},"description_kind":"plain"}},"scaleway_instance_security_group_rules":{"version":0,"block":{"attributes":{"id":{"type":"string","description_kind":"plain","optional":true,"computed":true},"security_group_id":{"type":"string","description":"The security group associated with this volume","description_kind":"plain","required":true}},"block_types":{"inbound_rule":{"nesting_mode":"list","block":{"attributes":{"action":{"type":"string","description":"Action when rule match request (drop or accept)","description_kind":"plain","required":true},"ip":{"type":"string","description":"Ip address for this rule (e.g: 1.1.1.1). Only one of ip or ip_range should be provided","description_kind":"plain","optional":true},"ip_range":{"type":"string","description":"Ip range for this rule (e.g: 192.168.1.0/24). Only one of ip or ip_range should be provided","description_kind":"plain","optional":true},"port":{"type":"number","description":"Network port for this rule","description_kind":"plain","optional":true},"port_range":{"type":"string","description":"Computed port range for this rule (e.g: 1-1024, 22-22)","description_kind":"plain","optional":true},"protocol":{"type":"string","description":"Protocol for this rule (TCP, UDP, ICMP or ANY)","description_kind":"plain","optional":true}},"description_kind":"plain"}},"outbound_rule":{"nesting_mode":"list","block":{"attributes":{"action":{"type":"string","description":"Action when rule match request (drop or accept)","description_kind":"plain","required":true},"ip":{"type":"string","description":"Ip address for this rule (e.g: 1.1.1.1). Only one of ip or ip_range should be provided","description_kind":"plain","optional":true},"ip_range":{"type":"string","description":"Ip range for this rule (e.g: 192.168.1.0/24). Only one of ip or ip_range should be provided","description_kind":"plain","optional":true},"port":{"type":"number","description":"Network port for this rule","description_kind":"plain","optional":true},"port_range":{"type":"string","description":"Computed port range for this rule (e.g: 1-1024, 22-22)","description_kind":"plain","optional":true},"protocol":{"type":"string","description":"Protocol for this rule (TCP, UDP, ICMP or ANY)","description_kind":"plain","optional":true}},"description_kind":"plain"}}},"description_kind":"plain"}},"scaleway_instance_server":{"version":0,"block":{"attributes":{"additional_volume_ids":{"type":["list","string"],"description":"The additional volumes attached to the server","description_kind":"plain","optional":true},"boot_type":{"type":"string","description":"The boot type of the server","description_kind":"plain","computed":true},"cloud_init":{"type":"string","description":"The cloud init script associated with this server","description_kind":"plain","optional":true},"disable_dynamic_ip":{"type":"bool","description":"Disable dynamic IP on the server","description_kind":"plain","optional":true},"disable_public_ip":{"type":"bool","description_kind":"plain","optional":true},"enable_dynamic_ip":{"type":"bool","description":"Enable dynamic IP on the server","description_kind":"plain","optional":true},"enable_ipv6":{"type":"bool","description":"Determines if IPv6 is enabled for the server","description_kind":"plain","optional":true},"id":{"type":"string","description_kind":"plain","optional":true,"computed":true},"image":{"type":"string","description":"The UUID or the label of the base image used by the server","description_kind":"plain","required":true},"ip_id":{"type":"string","description":"The ID of the reserved IP for the server","description_kind":"plain","optional":true},"ipv6_address":{"type":"string","description":"The default public IPv6 address routed to the server.","description_kind":"plain","computed":true},"ipv6_gateway":{"type":"string","description":"The IPv6 gateway address","description_kind":"plain","computed":true},"ipv6_prefix_length":{"type":"number","description":"The IPv6 prefix length routed to the server.","description_kind":"plain","computed":true},"name":{"type":"string","description":"The name of the server","description_kind":"plain","optional":true,"computed":true},"organization_id":{"type":"string","description":"The organization_id you want to attach the resource to","description_kind":"plain","optional":true,"computed":true},"placement_group_id":{"type":"string","description":"The placement group the server is attached to","description_kind":"plain","optional":true},"placement_group_policy_respected":{"type":"bool","description":"True when the placement group policy is respected","description_kind":"plain","computed":true},"private_ip":{"type":"string","description":"The Scaleway internal IP address of the server","description_kind":"plain","computed":true},"public_ip":{"type":"string","description":"The public IPv4 address of the server","description_kind":"plain","computed":true},"security_group_id":{"type":"string","description":"The security group the server is attached to","description_kind":"plain","optional":true,"computed":true},"state":{"type":"string","description":"The state of the server should be: started, stopped, standby","description_kind":"plain","optional":true},"tags":{"type":["list","string"],"description":"The tags associated with the server","description_kind":"plain","optional":true},"type":{"type":"string","description":"The instance type of the server","description_kind":"plain","required":true},"zone":{"type":"string","description":"The zone you want to attach the resource to","description_kind":"plain","optional":true,"computed":true}},"block_types":{"root_volume":{"nesting_mode":"list","block":{"attributes":{"delete_on_termination":{"type":"bool","description":"Force deletion of the root volume on instance termination","description_kind":"plain","optional":true},"size_in_gb":{"type":"number","description":"Size of the root volume in gigabytes","description_kind":"plain","optional":true,"computed":true},"volume_id":{"type":"string","description":"Volume ID of the root volume","description_kind":"plain","computed":true}},"description_kind":"plain"},"max_items":1},"user_data":{"nesting_mode":"set","block":{"attributes":{"key":{"type":"string","description":"A user data key, the value \"cloud-init\" is not allowed","description_kind":"plain","required":true},"value":{"type":"string","description":"A user value","description_kind":"plain","required":true}},"description_kind":"plain"},"max_items":98}},"description_kind":"plain"}},"scaleway_instance_volume":{"version":0,"block":{"attributes":{"from_snapshot_id":{"type":"string","description":"Create a volume based on a image","description_kind":"plain","optional":true},"from_volume_id":{"type":"string","description":"Create a copy of an existing volume","description_kind":"plain","optional":true},"id":{"type":"string","description_kind":"plain","optional":true,"computed":true},"name":{"type":"string","description":"The name of the volume","description_kind":"plain","optional":true,"computed":true},"organization_id":{"type":"string","description":"The organization_id you want to attach the resource to","description_kind":"plain","optional":true,"computed":true},"server_id":{"type":"string","description":"The server associated with this volume","description_kind":"plain","computed":true},"size_in_gb":{"type":"number","description":"The size of the volume in gigabyte","description_kind":"plain","optional":true,"computed":true},"type":{"type":"string","description":"The volume type","description_kind":"plain","required":true},"zone":{"type":"string","description":"The zone you want to attach the resource to","description_kind":"plain","optional":true,"computed":true}},"description_kind":"plain"}},"scaleway_ip":{"version":0,"block":{"attributes":{"id":{"type":"string","description_kind":"plain","optional":true,"computed":true},"ip":{"type":"string","description":"The ipv4 address of the ip","description_kind":"plain","computed":true},"reverse":{"type":"string","description":"The ipv4 reverse dns","description_kind":"plain","optional":true,"computed":true},"server":{"type":"string","description":"The server associated with the ip","description_kind":"plain","optional":true,"computed":true}},"description_kind":"plain"}},"scaleway_ip_reverse_dns":{"version":0,"block":{"attributes":{"id":{"type":"string","description_kind":"plain","optional":true,"computed":true},"ip":{"type":"string","description":"The ipv4 address of the ip, or IP ID","description_kind":"plain","required":true},"reverse":{"type":"string","description":"The ipv4 reverse dns","description_kind":"plain","required":true}},"description_kind":"plain"}},"scaleway_k8s_cluster_beta":{"version":0,"block":{"attributes":{"admission_plugins":{"type":["list","string"],"description":"The list of admission plugins to enable on the cluster","description_kind":"plain","optional":true},"apiserver_url":{"type":"string","description":"Kubernetes API server URL","description_kind":"plain","computed":true},"cni":{"type":"string","description":"The CNI plugin of the cluster","description_kind":"plain","required":true},"created_at":{"type":"string","description":"The date and time of the creation of the Kubernetes cluster","description_kind":"plain","computed":true},"description":{"type":"string","description":"The description of the cluster","description_kind":"plain","optional":true},"enable_dashboard":{"type":"bool","description":"Enable the dashboard on the cluster","description_kind":"plain","optional":true},"feature_gates":{"type":["list","string"],"description":"The list of feature gates to enable on the cluster","description_kind":"plain","optional":true},"id":{"type":"string","description_kind":"plain","optional":true,"computed":true},"ingress":{"type":"string","description":"The ingress to be deployed on the cluster","description_kind":"plain","optional":true},"kubeconfig":{"type":["list",["object",{"cluster_ca_certificate":"string","config_file":"string","host":"string","token":"string"}]],"description":"The kubeconfig configuration file of the Kubernetes cluster","description_kind":"plain","computed":true},"name":{"type":"string","description":"The name of the cluster","description_kind":"plain","required":true},"organization_id":{"type":"string","description":"The organization_id you want to attach the resource to","description_kind":"plain","optional":true,"computed":true},"region":{"type":"string","description":"The region you want to attach the resource to","description_kind":"plain","optional":true,"computed":true},"status":{"type":"string","description":"The status of the cluster","description_kind":"plain","computed":true},"tags":{"type":["list","string"],"description":"The tags associated with the cluster","description_kind":"plain","optional":true},"updated_at":{"type":"string","description":"The date and time of the last update of the Kubernetes cluster","description_kind":"plain","computed":true},"upgrade_available":{"type":"bool","description":"True if an upgrade is available","description_kind":"plain","computed":true},"version":{"type":"string","description":"The version of the cluster","description_kind":"plain","required":true},"wildcard_dns":{"type":"string","description":"Wildcard DNS pointing to all the ready nodes","description_kind":"plain","computed":true}},"block_types":{"auto_upgrade":{"nesting_mode":"list","block":{"attributes":{"enable":{"type":"bool","description":"Enables the Kubernetes patch version auto upgrade","description_kind":"plain","required":true},"maintenance_window_day":{"type":"string","description":"Day of the maintenance window","description_kind":"plain","required":true},"maintenance_window_start_hour":{"type":"number","description":"Start hour of the 2-hour maintenance window","description_kind":"plain","required":true}},"description_kind":"plain"},"max_items":1},"autoscaler_config":{"nesting_mode":"list","block":{"attributes":{"balance_similar_node_groups":{"type":"bool","description":"Detect similar node groups and balance the number of nodes between them","description_kind":"plain","optional":true},"disable_scale_down":{"type":"bool","description":"Disable the scale down feature of the autoscaler","description_kind":"plain","optional":true},"estimator":{"type":"string","description":"Type of resource estimator to be used in scale up","description_kind":"plain","optional":true},"expander":{"type":"string","description":"Type of node group expander to be used in scale up","description_kind":"plain","optional":true},"expendable_pods_priority_cutoff":{"type":"number","description":"Pods with priority below cutoff will be expendable. They can be killed without any consideration during scale down and they don't cause scale up. Pods with null priority (PodPriority disabled) are non expendable","description_kind":"plain","optional":true},"ignore_daemonsets_utilization":{"type":"bool","description":"Ignore DaemonSet pods when calculating resource utilization for scaling down","description_kind":"plain","optional":true},"scale_down_delay_after_add":{"type":"string","description":"How long after scale up that scale down evaluation resumes","description_kind":"plain","optional":true},"scale_down_unneeded_time":{"type":"string","description":"How long a node should be unneeded before it is eligible for scale down","description_kind":"plain","optional":true}},"description_kind":"plain"},"max_items":1},"default_pool":{"nesting_mode":"list","block":{"attributes":{"autohealing":{"type":"bool","description":"Enable the autohealing on the default pool","description_kind":"plain","optional":true},"autoscaling":{"type":"bool","description":"Enable the autoscaling on the default pool","description_kind":"plain","optional":true},"container_runtime":{"type":"string","description":"Container runtime for the default pool","description_kind":"plain","optional":true},"created_at":{"type":"string","description":"The date and time of the creation of the default pool","description_kind":"plain","computed":true},"max_size":{"type":"number","description":"Maximum size of the default pool","description_kind":"plain","optional":true,"computed":true},"min_size":{"type":"number","description":"Minimun size of the default pool","description_kind":"plain","optional":true,"computed":true},"node_type":{"type":"string","description":"Server type of the default pool servers","description_kind":"plain","required":true},"nodes":{"type":["list",["object",{"name":"string","public_ip":"string","public_ip_v6":"string","status":"string"}]],"description_kind":"plain","computed":true},"placement_group_id":{"type":"string","description":"ID of the placement group for the default pool","description_kind":"plain","optional":true},"pool_id":{"type":"string","description":"ID of default pool","description_kind":"plain","computed":true},"size":{"type":"number","description":"Size of the default pool","description_kind":"plain","required":true},"status":{"type":"string","description":"The status of the default pool","description_kind":"plain","computed":true},"tags":{"type":["list","string"],"description":"The tags associated with the default pool","description_kind":"plain","optional":true},"updated_at":{"type":"string","description":"The date and time of the last update of the default pool","description_kind":"plain","computed":true},"wait_for_pool_ready":{"type":"bool","description":"Whether to wait for the pool to be ready","description_kind":"plain","optional":true}},"description_kind":"plain"},"max_items":1}},"description_kind":"plain"}},"scaleway_k8s_pool_beta":{"version":0,"block":{"attributes":{"autohealing":{"type":"bool","description":"Enable the autohealing on the pool","description_kind":"plain","optional":true},"autoscaling":{"type":"bool","description":"Enable the autoscaling on the pool","description_kind":"plain","optional":true},"cluster_id":{"type":"string","description":"The ID of the cluster on which this pool will be created","description_kind":"plain","required":true},"container_runtime":{"type":"string","description":"Container runtime for the pool","description_kind":"plain","optional":true},"created_at":{"type":"string","description":"The date and time of the creation of the pool","description_kind":"plain","computed":true},"current_size":{"type":"number","description":"The actual size of the pool","description_kind":"plain","computed":true},"id":{"type":"string","description_kind":"plain","optional":true,"computed":true},"max_size":{"type":"number","description":"Maximum size of the pool","description_kind":"plain","optional":true,"computed":true},"min_size":{"type":"number","description":"Minimun size of the pool","description_kind":"plain","optional":true},"name":{"type":"string","description":"The name of the cluster","description_kind":"plain","required":true},"node_type":{"type":"string","description":"Server type of the pool servers","description_kind":"plain","required":true},"nodes":{"type":["list",["object",{"name":"string","public_ip":"string","public_ip_v6":"string","status":"string"}]],"description_kind":"plain","computed":true},"placement_group_id":{"type":"string","description":"ID of the placement group","description_kind":"plain","optional":true},"region":{"type":"string","description":"The region you want to attach the resource to","description_kind":"plain","optional":true,"computed":true},"size":{"type":"number","description":"Size of the pool","description_kind":"plain","required":true},"status":{"type":"string","description":"The status of the pool","description_kind":"plain","computed":true},"tags":{"type":["list","string"],"description":"The tags associated with the pool","description_kind":"plain","optional":true},"updated_at":{"type":"string","description":"The date and time of the last update of the pool","description_kind":"plain","computed":true},"version":{"type":"string","description":"The Kubernetes version of the pool","description_kind":"plain","computed":true},"wait_for_pool_ready":{"type":"bool","description":"Whether to wait for the pool to be ready","description_kind":"plain","optional":true}},"description_kind":"plain"}},"scaleway_lb_backend_beta":{"version":0,"block":{"attributes":{"forward_port":{"type":"number","description":"User sessions will be forwarded to this port of backend servers","description_kind":"plain","required":true},"forward_port_algorithm":{"type":"string","description":"Load balancing algorithm","description_kind":"plain","optional":true},"forward_protocol":{"type":"string","description":"Backend protocol","description_kind":"plain","required":true},"health_check_delay":{"type":"string","description":"Interval between two HC requests","description_kind":"plain","optional":true},"health_check_max_retries":{"type":"number","description":"Number of allowed failed HC requests before the backend server is marked down","description_kind":"plain","optional":true},"health_check_port":{"type":"number","description":"Port the HC requests will be send to. Default to `forward_port`","description_kind":"plain","optional":true,"computed":true},"health_check_timeout":{"type":"string","description":"Timeout before we consider a HC request failed","description_kind":"plain","optional":true},"id":{"type":"string","description_kind":"plain","optional":true,"computed":true},"lb_id":{"type":"string","description":"The load-balancer ID","description_kind":"plain","required":true},"name":{"type":"string","description":"The name of the backend","description_kind":"plain","optional":true,"computed":true},"on_marked_down_action":{"type":"string","description":"Modify what occurs when a backend server is marked down","description_kind":"plain","optional":true},"send_proxy_v2":{"type":"bool","description":"Enables PROXY protocol version 2","description_kind":"plain","optional":true},"server_ips":{"type":["list","string"],"description":"Backend server IP addresses list (IPv4 or IPv6)","description_kind":"plain","optional":true},"sticky_sessions":{"type":"string","description":"Load balancing algorithm","description_kind":"plain","optional":true},"sticky_sessions_cookie_name":{"type":"string","description":"Cookie name for for sticky sessions","description_kind":"plain","optional":true},"timeout_connect":{"type":"string","description":"Maximum initial server connection establishment time","description_kind":"plain","optional":true},"timeout_server":{"type":"string","description":"Maximum server connection inactivity time","description_kind":"plain","optional":true},"timeout_tunnel":{"type":"string","description":"Maximum tunnel inactivity time","description_kind":"plain","optional":true}},"block_types":{"health_check_http":{"nesting_mode":"list","block":{"attributes":{"code":{"type":"number","description":"The expected HTTP status code","description_kind":"plain","optional":true},"method":{"type":"string","description":"The HTTP method to use for HC requests","description_kind":"plain","optional":true},"uri":{"type":"string","description":"The HTTP endpoint URL to call for HC requests","description_kind":"plain","required":true}},"description_kind":"plain"},"max_items":1},"health_check_https":{"nesting_mode":"list","block":{"attributes":{"code":{"type":"number","description":"The expected HTTP status code","description_kind":"plain","optional":true},"method":{"type":"string","description":"The HTTP method to use for HC requests","description_kind":"plain","optional":true},"uri":{"type":"string","description":"The HTTPS endpoint URL to call for HC requests","description_kind":"plain","required":true}},"description_kind":"plain"},"max_items":1},"health_check_tcp":{"nesting_mode":"list","block":{"description_kind":"plain"},"max_items":1}},"description_kind":"plain"}},"scaleway_lb_beta":{"version":0,"block":{"attributes":{"id":{"type":"string","description_kind":"plain","optional":true,"computed":true},"ip_address":{"type":"string","description":"The load-balance public IP address","description_kind":"plain","computed":true},"ip_id":{"type":"string","description":"The load-balance public IP ID","description_kind":"plain","required":true},"name":{"type":"string","description":"Name of the lb","description_kind":"plain","optional":true,"computed":true},"organization_id":{"type":"string","description":"The organization_id you want to attach the resource to","description_kind":"plain","optional":true,"computed":true},"region":{"type":"string","description":"The region you want to attach the resource to","description_kind":"plain","optional":true,"computed":true},"tags":{"type":["list","string"],"description":"Array of tags to associate with the load-balancer","description_kind":"plain","optional":true},"type":{"type":"string","description":"The type of load-balancer you want to create","description_kind":"plain","required":true}},"description_kind":"plain"}},"scaleway_lb_certificate_beta":{"version":0,"block":{"attributes":{"common_name":{"type":"string","description":"The main domain name of the certificate","description_kind":"plain","computed":true},"fingerprint":{"type":"string","description":"The identifier (SHA-1) of the certificate","description_kind":"plain","computed":true},"id":{"type":"string","description_kind":"plain","optional":true,"computed":true},"lb_id":{"type":"string","description":"The load-balancer ID","description_kind":"plain","required":true},"name":{"type":"string","description":"The name of the load-balancer certificate","description_kind":"plain","optional":true,"computed":true},"not_valid_after":{"type":"string","description":"The not valid after validity bound timestamp","description_kind":"plain","computed":true},"not_valid_before":{"type":"string","description":"The not valid before validity bound timestamp","description_kind":"plain","computed":true},"status":{"type":"string","description":"The status of certificate","description_kind":"plain","computed":true},"subject_alternative_name":{"type":"string","description":"The alternative domain names of the certificate","description_kind":"plain","computed":true}},"block_types":{"custom_certificate":{"nesting_mode":"list","block":{"attributes":{"certificate_chain":{"type":"string","description":"The full PEM-formatted certificate chain","description_kind":"plain","required":true}},"description_kind":"plain"},"max_items":1},"letsencrypt":{"nesting_mode":"list","block":{"attributes":{"common_name":{"type":"string","description":"The main domain name of the certificate","description_kind":"plain","required":true},"subject_alternative_name":{"type":["list","string"],"description":"The alternative domain names of the certificate","description_kind":"plain","optional":true}},"description_kind":"plain"},"max_items":1}},"description_kind":"plain"}},"scaleway_lb_frontend_beta":{"version":0,"block":{"attributes":{"backend_id":{"type":"string","description":"The load-balancer backend ID","description_kind":"plain","required":true},"certificate_id":{"type":"string","description":"Certificate ID","description_kind":"plain","optional":true},"id":{"type":"string","description_kind":"plain","optional":true,"computed":true},"inbound_port":{"type":"number","description":"TCP port to listen on the front side","description_kind":"plain","required":true},"lb_id":{"type":"string","description":"The load-balancer ID","description_kind":"plain","required":true},"name":{"type":"string","description":"The name of the frontend","description_kind":"plain","optional":true,"computed":true},"timeout_client":{"type":"string","description":"Set the maximum inactivity time on the client side","description_kind":"plain","optional":true}},"block_types":{"acl":{"nesting_mode":"list","block":{"attributes":{"name":{"type":"string","description":"The ACL name","description_kind":"plain","optional":true,"computed":true},"organization_id":{"type":"string","description":"The organization_id you want to attach the resource to","description_kind":"plain","optional":true,"computed":true},"region":{"type":"string","description":"The region you want to attach the resource to","description_kind":"plain","optional":true,"computed":true}},"block_types":{"action":{"nesting_mode":"list","block":{"attributes":{"type":{"type":"string","description":"The action type","description_kind":"plain","required":true}},"description_kind":"plain"},"min_items":1,"max_items":1},"match":{"nesting_mode":"list","block":{"attributes":{"http_filter":{"type":"string","description":"The HTTP filter to match","description_kind":"plain","optional":true},"http_filter_value":{"type":["list","string"],"description":"A list of possible values to match for the given HTTP filter","description_kind":"plain","optional":true},"invert":{"type":"bool","description":"If set to true, the condition will be of type \"unless\"","description_kind":"plain","optional":true},"ip_subnet":{"type":["list","string"],"description":"A list of IPs or CIDR v4/v6 addresses of the client of the session to match","description_kind":"plain","optional":true}},"description_kind":"plain"},"min_items":1,"max_items":1}},"description_kind":"plain"}}},"description_kind":"plain"}},"scaleway_lb_ip_beta":{"version":0,"block":{"attributes":{"id":{"type":"string","description_kind":"plain","optional":true,"computed":true},"ip_address":{"type":"string","description":"The load-balancer public IP address","description_kind":"plain","computed":true},"lb_id":{"type":"string","description":"The ID of the loadbalancer attached to this IP, if any","description_kind":"plain","computed":true},"organization_id":{"type":"string","description":"The organization_id you want to attach the resource to","description_kind":"plain","optional":true,"computed":true},"region":{"type":"string","description":"The region you want to attach the resource to","description_kind":"plain","optional":true,"computed":true},"reverse":{"type":"string","description":"The reverse domain name for this IP","description_kind":"plain","optional":true,"computed":true}},"description_kind":"plain"}},"scaleway_object_bucket":{"version":0,"block":{"attributes":{"acl":{"type":"string","description":"ACL of the bucket: either 'public-read' or 'private'.","description_kind":"plain","optional":true},"id":{"type":"string","description_kind":"plain","optional":true,"computed":true},"name":{"type":"string","description":"The name of the bucket","description_kind":"plain","required":true},"region":{"type":"string","description":"The region you want to attach the resource to","description_kind":"plain","optional":true,"computed":true}},"description_kind":"plain"}},"scaleway_rdb_instance_beta":{"version":0,"block":{"attributes":{"certificate":{"type":"string","description":"Certificate of the database instance","description_kind":"plain","computed":true},"disable_backup":{"type":"bool","description":"Disable automated backup for the database instance","description_kind":"plain","optional":true},"endpoint_ip":{"type":"string","description":"Endpoint IP of the database instance","description_kind":"plain","computed":true},"endpoint_port":{"type":"number","description":"Endpoint port of the database instance","description_kind":"plain","computed":true},"engine":{"type":"string","description":"Database's engine version id","description_kind":"plain","required":true},"id":{"type":"string","description_kind":"plain","optional":true,"computed":true},"is_ha_cluster":{"type":"bool","description":"Enable or disable high availability for the database instance","description_kind":"plain","optional":true},"name":{"type":"string","description":"Name of the database instance","description_kind":"plain","optional":true,"computed":true},"node_type":{"type":"string","description":"The type of database instance you want to create","description_kind":"plain","required":true},"organization_id":{"type":"string","description":"The organization_id you want to attach the resource to","description_kind":"plain","optional":true,"computed":true},"password":{"type":"string","description":"Password for the first user of the database instance","description_kind":"plain","required":true},"read_replicas":{"type":["list",["object",{"ip":"string","name":"string","port":"number"}]],"description":"Read replicas of the database instance","description_kind":"plain","computed":true},"region":{"type":"string","description":"The region you want to attach the resource to","description_kind":"plain","optional":true,"computed":true},"tags":{"type":["list","string"],"description":"List of tags [\"tag1\", \"tag2\", ...] attached to a database instance","description_kind":"plain","optional":true},"user_name":{"type":"string","description":"Identifier for the first user of the database instance","description_kind":"plain","required":true}},"description_kind":"plain"}},"scaleway_registry_namespace_beta":{"version":0,"block":{"attributes":{"description":{"type":"string","description":"The description of the container registry namespace","description_kind":"plain","optional":true},"endpoint":{"type":"string","description":"The endpoint reachable by docker","description_kind":"plain","computed":true},"id":{"type":"string","description_kind":"plain","optional":true,"computed":true},"is_public":{"type":"bool","description":"Define the default visibity policy","description_kind":"plain","optional":true},"name":{"type":"string","description":"The name of the container registry namespace","description_kind":"plain","required":true},"organization_id":{"type":"string","description":"The organization_id you want to attach the resource to","description_kind":"plain","optional":true,"computed":true},"region":{"type":"string","description":"The region you want to attach the resource to","description_kind":"plain","optional":true,"computed":true}},"description_kind":"plain"}},"scaleway_security_group":{"version":0,"block":{"attributes":{"description":{"type":"string","description":"The description of the security group","description_kind":"plain","required":true},"enable_default_security":{"type":"bool","description":"Add default security group rules","description_kind":"plain","optional":true},"id":{"type":"string","description_kind":"plain","optional":true,"computed":true},"inbound_default_policy":{"type":"string","description":"Default inbound traffic policy for this security group","description_kind":"plain","optional":true},"name":{"type":"string","description":"The name of the security group","description_kind":"plain","required":true},"outbound_default_policy":{"type":"string","description":"Default outbound traffic policy for this security group","description_kind":"plain","optional":true},"stateful":{"type":"bool","description":"Mark security group as stateful","description_kind":"plain","optional":true}},"description_kind":"plain"}},"scaleway_security_group_rule":{"version":0,"block":{"attributes":{"action":{"type":"string","description":"The action to take when the security group rule is triggered (accept or drop)","description_kind":"plain","required":true},"direction":{"type":"string","description":"The direction the traffic is affected (inbound or outbound)","description_kind":"plain","required":true},"id":{"type":"string","description_kind":"plain","optional":true,"computed":true},"ip_range":{"type":"string","description":"The ip range affected by the security group rule","description_kind":"plain","required":true},"port":{"type":"number","description":"The port affected by the security group rule","description_kind":"plain","optional":true},"protocol":{"type":"string","description":"The protocol of the security group rule (ICMP, TCP or UDP)","description_kind":"plain","required":true},"security_group":{"type":"string","description":"The security group this rule is attached to","description_kind":"plain","required":true}},"description_kind":"plain"}},"scaleway_server":{"version":0,"block":{"attributes":{"boot_type":{"type":"string","description":"The boot_type of the server","description_kind":"plain","optional":true,"computed":true},"bootscript":{"type":"string","description":"The boot configuration of the server","description_kind":"plain","optional":true},"cloudinit":{"type":"string","description":"the cloudinit script associated with this server","description_kind":"plain","optional":true,"computed":true},"dynamic_ip_required":{"type":"bool","description":"determines if a public IP address should be allocated for the server","description_kind":"plain","optional":true},"enable_ipv6":{"type":"bool","description":"determines if IPv6 is enabled for the server","description_kind":"plain","optional":true},"id":{"type":"string","description_kind":"plain","optional":true,"computed":true},"image":{"type":"string","description":"The base image of the server","description_kind":"plain","required":true},"name":{"type":"string","description":"The name of the server","description_kind":"plain","required":true},"private_ip":{"type":"string","description":"the Scaleway internal IP address of the server","description_kind":"plain","computed":true},"public_ip":{"type":"string","description":"the public IPv4 address of the server","description_kind":"plain","optional":true,"computed":true},"public_ipv6":{"type":"string","description":"the public IPv6 address of the server, if enabled","description_kind":"plain","computed":true},"security_group":{"type":"string","description":"The security group the server is attached to","description_kind":"plain","optional":true},"state":{"type":"string","description":"the server state (running, stopped)","description_kind":"plain","optional":true,"computed":true},"state_detail":{"type":"string","description":"scaleway description of the server state","description_kind":"plain","computed":true},"tags":{"type":["list","string"],"description":"The tags associated with the server","description_kind":"plain","optional":true},"type":{"type":"string","description":"The instance type of the server","description_kind":"plain","required":true}},"block_types":{"volume":{"nesting_mode":"list","block":{"attributes":{"size_in_gb":{"type":"number","description_kind":"plain","required":true},"type":{"type":"string","description_kind":"plain","required":true},"volume_id":{"type":"string","description_kind":"plain","computed":true}},"description_kind":"plain"}}},"description_kind":"plain"}},"scaleway_ssh_key":{"version":0,"block":{"attributes":{"id":{"type":"string","description_kind":"plain","optional":true,"computed":true},"key":{"type":"string","description":"The ssh key","description_kind":"plain","required":true}},"description_kind":"plain"}},"scaleway_token":{"version":0,"block":{"attributes":{"access_key":{"type":"string","description":"The access_key.","description_kind":"plain","computed":true},"creation_ip":{"type":"string","description":"The ip used to create the key.","description_kind":"plain","computed":true},"description":{"type":"string","description":"The token description.","description_kind":"plain","optional":true},"email":{"type":"string","description":"The account email. Defaults to registered user.","description_kind":"plain","optional":true,"computed":true},"expiration_date":{"type":"string","description":"The tokens expiration date","description_kind":"plain","computed":true},"expires":{"type":"bool","description":"Defines if the token is set to expire","description_kind":"plain","optional":true},"id":{"type":"string","description_kind":"plain","optional":true,"computed":true},"password":{"type":"string","description":"User password, in case a login is require","description_kind":"plain","optional":true},"secret_key":{"type":"string","description":"The secret_key.","description_kind":"plain","computed":true,"sensitive":true},"user_id":{"type":"string","description":"The userid of the associated user.","description_kind":"plain","computed":true}},"description_kind":"plain"}},"scaleway_user_data":{"version":0,"block":{"attributes":{"id":{"type":"string","description_kind":"plain","optional":true,"computed":true},"key":{"type":"string","description":"The key of the user data to manage","description_kind":"plain","required":true},"server":{"type":"string","description":"The server the meta data is associated with","description_kind":"plain","required":true},"value":{"type":"string","description":"The value of the user","description_kind":"plain","required":true}},"description_kind":"plain"}},"scaleway_volume":{"version":0,"block":{"attributes":{"id":{"type":"string","description_kind":"plain","optional":true,"computed":true},"name":{"type":"string","description":"the name of the volume","description_kind":"plain","required":true},"server":{"type":"string","description":"the server the volume is attached to","description_kind":"plain","computed":true},"size_in_gb":{"type":"number","description":"the size of the volume in GB","description_kind":"plain","required":true},"type":{"type":"string","description":"the type of backing storage","description_kind":"plain","required":true}},"description_kind":"plain"}},"scaleway_volume_attachment":{"version":0,"block":{"attributes":{"id":{"type":"string","description_kind":"plain","optional":true,"computed":true},"server":{"type":"string","description":"the server a volume should be attached to","description_kind":"plain","required":true},"volume":{"type":"string","description":"the volume to attach","description_kind":"plain","required":true}},"description_kind":"plain"}}},"data_source_schemas":{"scaleway_account_ssh_key":{"version":0,"block":{"attributes":{"id":{"type":"string","description_kind":"plain","optional":true,"computed":true},"name":{"type":"string","description":"The name of the SSH key","description_kind":"plain","optional":true,"computed":true},"organization_id":{"type":"string","description":"The organization_id you want to attach the resource to","description_kind":"plain","optional":true,"computed":true},"public_key":{"type":"string","description":"The public SSH key","description_kind":"plain","computed":true},"ssh_key_id":{"type":"string","description":"The ID of the SSH key","description_kind":"plain","optional":true,"computed":true}},"description_kind":"plain"}},"scaleway_baremetal_offer":{"version":0,"block":{"attributes":{"bandwidth":{"type":"number","description":"Available Bandwidth with the offer","description_kind":"plain","computed":true},"commercial_range":{"type":"string","description":"Commercial range of the offer","description_kind":"plain","computed":true},"cpu":{"type":["list",["object",{"core_count":"number","frequency":"number","name":"string","thread_count":"number"}]],"description":"CPU specifications of the offer","description_kind":"plain","computed":true},"disk":{"type":["list",["object",{"capacity":"number","type":"string"}]],"description":"Disk specifications of the offer","description_kind":"plain","computed":true},"id":{"type":"string","description_kind":"plain","optional":true,"computed":true},"include_disabled":{"type":"bool","description":"Include disabled offers","description_kind":"plain","optional":true},"memory":{"type":["list",["object",{"capacity":"number","frequency":"number","is_ecc":"bool","type":"string"}]],"description":"Memory specifications of the offer","description_kind":"plain","computed":true},"name":{"type":"string","description":"Exact name of the desired offer","description_kind":"plain","optional":true},"offer_id":{"type":"string","description":"ID of the desired offer","description_kind":"plain","optional":true},"stock":{"type":"string","description":"Stock status for this offer","description_kind":"plain","computed":true},"zone":{"type":"string","description":"The zone you want to attach the resource to","description_kind":"plain","optional":true,"computed":true}},"description_kind":"plain"}},"scaleway_bootscript":{"version":0,"block":{"attributes":{"architecture":{"type":"string","description":"architecture of the desired bootscript","description_kind":"plain","optional":true,"computed":true},"boot_cmd_args":{"type":"string","description":"commandline boot options used","description_kind":"plain","computed":true},"dtb":{"type":"string","description":"path to Device Tree Blob detailing hardware information","description_kind":"plain","computed":true},"id":{"type":"string","description_kind":"plain","optional":true,"computed":true},"initrd":{"type":"string","description":"URL to initial ramdisk content","description_kind":"plain","computed":true},"kernel":{"type":"string","description":"URL to used kernel","description_kind":"plain","computed":true},"name":{"type":"string","description":"exact name of the desired bootscript","description_kind":"plain","optional":true},"name_filter":{"type":"string","description":"partial name of the desired bootscript to filter with","description_kind":"plain","optional":true},"organization":{"type":"string","description":"organization owning the bootscript","description_kind":"plain","computed":true},"public":{"type":"bool","description":"indication if the bootscript is public","description_kind":"plain","computed":true}},"description_kind":"plain"}},"scaleway_image":{"version":0,"block":{"attributes":{"architecture":{"type":"string","description":"architecture of the desired image","description_kind":"plain","required":true},"creation_date":{"type":"string","description":"date when the image was created","description_kind":"plain","computed":true},"id":{"type":"string","description_kind":"plain","optional":true,"computed":true},"most_recent":{"type":"bool","description":"select most recent image if multiple match","description_kind":"plain","optional":true},"name":{"type":"string","description":"exact name of the desired image","description_kind":"plain","optional":true,"computed":true},"name_filter":{"type":"string","description":"partial name of the desired image to filter with","description_kind":"plain","optional":true},"organization":{"type":"string","description":"organization owning the bootscript","description_kind":"plain","computed":true},"public":{"type":"bool","description":"indication if the bootscript is public","description_kind":"plain","computed":true}},"description_kind":"plain"}},"scaleway_instance_image":{"version":0,"block":{"attributes":{"additional_volume_ids":{"type":["list","string"],"description":"The additional volume IDs attached to the image","description_kind":"plain","computed":true},"architecture":{"type":"string","description":"Architecture of the desired image","description_kind":"plain","optional":true},"creation_date":{"type":"string","description":"Date when the image was created","description_kind":"plain","computed":true},"default_bootscript_id":{"type":"string","description":"ID of the bootscript associated with this image","description_kind":"plain","computed":true},"from_server_id":{"type":"string","description":"ID of the server the image is originated from","description_kind":"plain","computed":true},"id":{"type":"string","description_kind":"plain","optional":true,"computed":true},"image_id":{"type":"string","description":"ID of the desired image","description_kind":"plain","optional":true},"latest":{"type":"bool","description":"Select most recent image if multiple match","description_kind":"plain","optional":true},"modification_date":{"type":"string","description":"Date when the image was updated","description_kind":"plain","computed":true},"name":{"type":"string","description":"Exact name of the desired image","description_kind":"plain","optional":true},"organization_id":{"type":"string","description":"The organization_id you want to attach the resource to","description_kind":"plain","optional":true,"computed":true},"public":{"type":"bool","description":"Indication if the image is public","description_kind":"plain","computed":true},"root_volume_id":{"type":"string","description":"ID of the root volume associated with this image","description_kind":"plain","computed":true},"state":{"type":"string","description":"State of the image","description_kind":"plain","computed":true},"zone":{"type":"string","description":"The zone you want to attach the resource to","description_kind":"plain","optional":true,"computed":true}},"description_kind":"plain"}},"scaleway_instance_security_group":{"version":0,"block":{"attributes":{"description":{"type":"string","description":"The description of the security group","description_kind":"plain","computed":true},"external_rules":{"type":"bool","description_kind":"plain","computed":true},"id":{"type":"string","description_kind":"plain","optional":true,"computed":true},"inbound_default_policy":{"type":"string","description":"Default inbound traffic policy for this security group","description_kind":"plain","computed":true},"inbound_rule":{"type":["list",["object",{"action":"string","ip":"string","ip_range":"string","port":"number","port_range":"string","protocol":"string"}]],"description":"Inbound rules for this security group","description_kind":"plain","computed":true},"name":{"type":"string","description":"The name of the security group","description_kind":"plain","optional":true},"organization_id":{"type":"string","description":"The organization_id you want to attach the resource to","description_kind":"plain","computed":true},"outbound_default_policy":{"type":"string","description":"Default outbound traffic policy for this security group","description_kind":"plain","computed":true},"outbound_rule":{"type":["list",["object",{"action":"string","ip":"string","ip_range":"string","port":"number","port_range":"string","protocol":"string"}]],"description":"Outbound rules for this security group","description_kind":"plain","computed":true},"security_group_id":{"type":"string","description":"The ID of the security group","description_kind":"plain","optional":true},"stateful":{"type":"bool","description":"The stateful value of the security group","description_kind":"plain","computed":true},"zone":{"type":"string","description":"The zone you want to attach the resource to","description_kind":"plain","optional":true}},"description_kind":"plain"}},"scaleway_instance_server":{"version":0,"block":{"attributes":{"additional_volume_ids":{"type":["list","string"],"description":"The additional volumes attached to the server","description_kind":"plain","computed":true},"boot_type":{"type":"string","description":"The boot type of the server","description_kind":"plain","computed":true},"cloud_init":{"type":"string","description":"The cloud init script associated with this server","description_kind":"plain","computed":true},"disable_dynamic_ip":{"type":"bool","description":"Disable dynamic IP on the server","description_kind":"plain","computed":true},"disable_public_ip":{"type":"bool","description_kind":"plain","computed":true},"enable_dynamic_ip":{"type":"bool","description":"Enable dynamic IP on the server","description_kind":"plain","computed":true},"enable_ipv6":{"type":"bool","description":"Determines if IPv6 is enabled for the server","description_kind":"plain","computed":true},"id":{"type":"string","description_kind":"plain","optional":true,"computed":true},"image":{"type":"string","description":"The UUID or the label of the base image used by the server","description_kind":"plain","computed":true},"ip_id":{"type":"string","description":"The ID of the reserved IP for the server","description_kind":"plain","computed":true},"ipv6_address":{"type":"string","description":"The default public IPv6 address routed to the server.","description_kind":"plain","computed":true},"ipv6_gateway":{"type":"string","description":"The IPv6 gateway address","description_kind":"plain","computed":true},"ipv6_prefix_length":{"type":"number","description":"The IPv6 prefix length routed to the server.","description_kind":"plain","computed":true},"name":{"type":"string","description":"The name of the server","description_kind":"plain","optional":true},"organization_id":{"type":"string","description":"The organization_id you want to attach the resource to","description_kind":"plain","computed":true},"placement_group_id":{"type":"string","description":"The placement group the server is attached to","description_kind":"plain","computed":true},"placement_group_policy_respected":{"type":"bool","description":"True when the placement group policy is respected","description_kind":"plain","computed":true},"private_ip":{"type":"string","description":"The Scaleway internal IP address of the server","description_kind":"plain","computed":true},"public_ip":{"type":"string","description":"The public IPv4 address of the server","description_kind":"plain","computed":true},"root_volume":{"type":["list",["object",{"delete_on_termination":"bool","size_in_gb":"number","volume_id":"string"}]],"description":"Root volume attached to the server on creation","description_kind":"plain","computed":true},"security_group_id":{"type":"string","description":"The security group the server is attached to","description_kind":"plain","computed":true},"server_id":{"type":"string","description":"The ID of the server","description_kind":"plain","optional":true},"state":{"type":"string","description":"The state of the server should be: started, stopped, standby","description_kind":"plain","computed":true},"tags":{"type":["list","string"],"description":"The tags associated with the server","description_kind":"plain","computed":true},"type":{"type":"string","description":"The instance type of the server","description_kind":"plain","computed":true},"user_data":{"type":["set",["object",{"key":"string","value":"string"}]],"description":"The user data associated with the server","description_kind":"plain","computed":true},"zone":{"type":"string","description":"The zone you want to attach the resource to","description_kind":"plain","optional":true}},"description_kind":"plain"}},"scaleway_instance_volume":{"version":0,"block":{"attributes":{"from_snapshot_id":{"type":"string","description":"Create a volume based on a image","description_kind":"plain","computed":true},"from_volume_id":{"type":"string","description":"Create a copy of an existing volume","description_kind":"plain","computed":true},"id":{"type":"string","description_kind":"plain","optional":true,"computed":true},"name":{"type":"string","description":"The name of the volume","description_kind":"plain","optional":true},"organization_id":{"type":"string","description":"The organization_id you want to attach the resource to","description_kind":"plain","computed":true},"server_id":{"type":"string","description":"The server associated with this volume","description_kind":"plain","computed":true},"size_in_gb":{"type":"number","description":"The size of the volume in gigabyte","description_kind":"plain","computed":true},"type":{"type":"string","description":"The volume type","description_kind":"plain","computed":true},"volume_id":{"type":"string","description":"The ID of the volume","description_kind":"plain","optional":true},"zone":{"type":"string","description":"The zone you want to attach the resource to","description_kind":"plain","optional":true}},"description_kind":"plain"}},"scaleway_lb_ip_beta":{"version":0,"block":{"attributes":{"id":{"type":"string","description_kind":"plain","optional":true,"computed":true},"ip_address":{"type":"string","description":"The IP adress","description_kind":"plain","optional":true},"ip_id":{"type":"string","description":"The ID of the IP address","description_kind":"plain","optional":true},"lb_id":{"type":"string","description":"The ID of the loadbalancer attached to this IP, if any","description_kind":"plain","computed":true},"organization_id":{"type":"string","description":"The organization_id you want to attach the resource to","description_kind":"plain","computed":true},"region":{"type":"string","description":"The region you want to attach the resource to","description_kind":"plain","computed":true},"reverse":{"type":"string","description":"The reverse domain name for this IP","description_kind":"plain","computed":true}},"description_kind":"plain"}},"scaleway_marketplace_image_beta":{"version":0,"block":{"attributes":{"id":{"type":"string","description_kind":"plain","optional":true,"computed":true},"instance_type":{"type":"string","description":"The instance commercial type of the desired image","description_kind":"plain","optional":true},"label":{"type":"string","description":"Exact label of the desired image","description_kind":"plain","required":true},"zone":{"type":"string","description":"The zone you want to attach the resource to","description_kind":"plain","optional":true,"computed":true}},"description_kind":"plain"}},"scaleway_registry_image_beta":{"version":0,"block":{"attributes":{"id":{"type":"string","description_kind":"plain","optional":true,"computed":true},"image_id":{"type":"string","description":"The ID of the registry image","description_kind":"plain","optional":true},"name":{"type":"string","description":"The name of the registry image","description_kind":"plain","optional":true},"namespace_id":{"type":"string","description":"The namespace ID of the registry image","description_kind":"plain","optional":true,"computed":true},"organization_id":{"type":"string","description":"The organization_id you want to attach the resource to","description_kind":"plain","optional":true,"computed":true},"region":{"type":"string","description":"The region you want to attach the resource to","description_kind":"plain","optional":true,"computed":true},"size":{"type":"number","description":"The size of the registry image","description_kind":"plain","computed":true},"tags":{"type":["list","string"],"description":"The tags associated with the registry image","description_kind":"plain","optional":true,"computed":true},"visibility":{"type":"string","description":"The visibility policy of the registry image","description_kind":"plain","computed":true}},"description_kind":"plain"}},"scaleway_registry_namespace_beta":{"version":0,"block":{"attributes":{"description":{"type":"string","description":"The description of the container registry namespace","description_kind":"plain","computed":true},"endpoint":{"type":"string","description":"The endpoint reachable by docker","description_kind":"plain","computed":true},"id":{"type":"string","description_kind":"plain","optional":true,"computed":true},"is_public":{"type":"bool","description":"Define the default visibity policy","description_kind":"plain","computed":true},"name":{"type":"string","description":"The name of the container registry namespace","description_kind":"plain","optional":true},"namespace_id":{"type":"string","description":"The ID of the registry namespace","description_kind":"plain","optional":true},"organization_id":{"type":"string","description":"The organization_id you want to attach the resource to","description_kind":"plain","computed":true},"region":{"type":"string","description":"The region you want to attach the resource to","description_kind":"plain","optional":true}},"description_kind":"plain"}},"scaleway_security_group":{"version":0,"block":{"attributes":{"description":{"type":"string","description_kind":"plain","computed":true},"enable_default_security":{"type":"bool","description_kind":"plain","computed":true},"id":{"type":"string","description_kind":"plain","optional":true,"computed":true},"name":{"type":"string","description":"The name of the security group","description_kind":"plain","required":true}},"description_kind":"plain"}},"scaleway_volume":{"version":0,"block":{"attributes":{"id":{"type":"string","description_kind":"plain","optional":true,"computed":true},"name":{"type":"string","description":"the name of the volume","description_kind":"plain","required":true},"server":{"type":"string","description_kind":"plain","computed":true},"size_in_gb":{"type":"number","description":"the size of the volume in GB","description_kind":"plain","computed":true},"type":{"type":"string","description":"the type of backing storage","description_kind":"plain","computed":true}},"description_kind":"plain"}}}}}}
