{"format_version":"0.1","provider_schemas":{"registry.terraform.io/kradalby/opnsense":{"provider":{"version":0,"block":{"attributes":{"allow_unverified_tls":{"type":"bool","description":"Allow connection to a OPNsense server without verified TLS","description_kind":"plain","optional":true},"key":{"type":"string","description":"The OPNsense API key","description_kind":"plain","required":true},"secret":{"type":"string","description":"The OPNsense API secret","description_kind":"plain","required":true},"url":{"type":"string","description":"The OPNsense url to connect to","description_kind":"plain","required":true}},"description_kind":"plain"}},"resource_schemas":{"opnsense_firewall_alias":{"version":0,"block":{"attributes":{"content":{"type":["set","string"],"description":"The content of this alias (IP, Cidr, url, ...)","description_kind":"plain","optional":true},"description":{"type":"string","description":"Description of the alias","description_kind":"plain","optional":true},"enabled":{"type":"bool","description":"State of the alias","description_kind":"plain","optional":true},"id":{"type":"string","description_kind":"plain","optional":true,"computed":true},"name":{"type":"string","description":"Name of the alias","description_kind":"plain","required":true},"parent":{"type":["set","string"],"description":"UIID of other alias who will contain this alias (nested)","description_kind":"plain","optional":true},"type":{"type":"string","description":"Type of the alias","description_kind":"plain","required":true}},"description_kind":"plain"}},"opnsense_firewall_alias_util":{"version":0,"block":{"attributes":{"address":{"type":"string","description":"IP or CIDR address to add in the alias","description_kind":"plain","required":true},"id":{"type":"string","description_kind":"plain","optional":true,"computed":true},"name":{"type":"string","description":"Name of the alias","description_kind":"plain","required":true}},"description_kind":"plain"}},"opnsense_wireguard_client":{"version":0,"block":{"attributes":{"enabled":{"type":"bool","description":"Enable the client","description_kind":"plain","required":true},"endpoint_address":{"type":"string","description":"IP or CNAME of remote endpoint","description_kind":"plain","optional":true},"endpoint_port":{"type":"number","description":"Port of remote endpoint","description_kind":"plain","optional":true},"id":{"type":"string","description_kind":"plain","optional":true,"computed":true},"keep_alive":{"type":"number","description":"Connection keep alive","description_kind":"plain","optional":true},"name":{"type":"string","description":"Name of the client","description_kind":"plain","required":true},"public_key":{"type":"string","description":"Public key of the client","description_kind":"plain","required":true},"shared_key":{"type":"string","description":"Shared key of the client","description_kind":"plain","optional":true},"tunnel_address":{"type":["set","string"],"description":"List of Tunnel addresses","description_kind":"plain","required":true}},"description_kind":"plain"}},"opnsense_wireguard_server":{"version":0,"block":{"attributes":{"disable_routes":{"type":"bool","description":"Prevent WireGuard from adding routes","description_kind":"plain","required":true},"dns":{"type":["set","string"],"description":"List of DNS addresses","description_kind":"plain","required":true},"enabled":{"type":"bool","description":"Enable the server","description_kind":"plain","required":true},"id":{"type":"string","description_kind":"plain","optional":true,"computed":true},"mtu":{"type":"number","description":"Set the interface MTU for this interface. Leaving empty uses the MTU from main interface which is fine for most setups.","description_kind":"plain","optional":true},"name":{"type":"string","description":"Name of the server","description_kind":"plain","required":true},"peers":{"type":["set","string"],"description":"List of UUIDs for clients","description_kind":"plain","required":true},"port":{"type":"number","description":"Listening port for WireGuard server","description_kind":"plain","required":true},"private_key":{"type":"string","description":"Public key of the server","description_kind":"plain","computed":true,"sensitive":true},"public_key":{"type":"string","description":"Public key of the server","description_kind":"plain","computed":true},"tunnel_address":{"type":["set","string"],"description":"List of Tunnel addresses","description_kind":"plain","required":true}},"description_kind":"plain"}}},"data_source_schemas":{"opnsense_firewall_alias":{"version":0,"block":{"attributes":{"content":{"type":["set","string"],"description_kind":"plain","computed":true},"description":{"type":"string","description_kind":"plain","computed":true},"enabled":{"type":"bool","description_kind":"plain","computed":true},"id":{"type":"string","description_kind":"plain","optional":true,"computed":true},"name":{"type":"string","description_kind":"plain","required":true},"type":{"type":"string","description_kind":"plain","computed":true}},"description_kind":"plain"}}}}}}
