{"format_version":"0.1","provider_schemas":{"registry.terraform.io/hashicorp/cloudinit":{"provider":{"version":0,"block":{"description_kind":"plain"}},"resource_schemas":{"cloudinit_config":{"version":0,"block":{"attributes":{"base64_encode":{"type":"bool","description_kind":"plain","optional":true},"gzip":{"type":"bool","description_kind":"plain","optional":true},"id":{"type":"string","description_kind":"plain","optional":true,"computed":true},"rendered":{"type":"string","description":"rendered cloudinit configuration","description_kind":"plain","computed":true}},"block_types":{"part":{"nesting_mode":"list","block":{"attributes":{"content":{"type":"string","description_kind":"plain","required":true},"content_type":{"type":"string","description_kind":"plain","optional":true},"filename":{"type":"string","description_kind":"plain","optional":true},"merge_type":{"type":"string","description_kind":"plain","optional":true}},"description_kind":"plain"},"min_items":1}},"description_kind":"plain"}}},"data_source_schemas":{"cloudinit_config":{"version":0,"block":{"attributes":{"base64_encode":{"type":"bool","description_kind":"plain","optional":true},"gzip":{"type":"bool","description_kind":"plain","optional":true},"id":{"type":"string","description_kind":"plain","optional":true,"computed":true},"rendered":{"type":"string","description":"rendered cloudinit configuration","description_kind":"plain","computed":true}},"block_types":{"part":{"nesting_mode":"list","block":{"attributes":{"content":{"type":"string","description_kind":"plain","required":true},"content_type":{"type":"string","description_kind":"plain","optional":true},"filename":{"type":"string","description_kind":"plain","optional":true},"merge_type":{"type":"string","description_kind":"plain","optional":true}},"description_kind":"plain"},"min_items":1}},"description_kind":"plain"}}}}}}
