{"format_version":"0.1","provider_schemas":{"registry.terraform.io/sethvargo/googlecalendar":{"provider":{"version":0,"block":{"attributes":{"credentials":{"type":"string","description_kind":"plain","optional":true}},"description_kind":"plain"}},"resource_schemas":{"googlecalendar_event":{"version":0,"block":{"attributes":{"description":{"type":"string","description_kind":"plain","optional":true},"end":{"type":"string","description_kind":"plain","required":true},"event_id":{"type":"string","description_kind":"plain","computed":true},"guests_can_invite_others":{"type":"bool","description_kind":"plain","optional":true},"guests_can_modify":{"type":"bool","description_kind":"plain","optional":true},"guests_can_see_other_guests":{"type":"bool","description_kind":"plain","optional":true},"hangout_link":{"type":"string","description_kind":"plain","computed":true},"html_link":{"type":"string","description_kind":"plain","computed":true},"id":{"type":"string","description_kind":"plain","optional":true,"computed":true},"location":{"type":"string","description_kind":"plain","optional":true},"send_notifications":{"type":"bool","description_kind":"plain","optional":true},"show_as_available":{"type":"bool","description_kind":"plain","optional":true},"start":{"type":"string","description_kind":"plain","required":true},"summary":{"type":"string","description_kind":"plain","required":true},"visibility":{"type":"string","description_kind":"plain","optional":true}},"block_types":{"attendee":{"nesting_mode":"set","block":{"attributes":{"email":{"type":"string","description_kind":"plain","required":true},"optional":{"type":"bool","description_kind":"plain","optional":true}},"description_kind":"plain"}},"reminder":{"nesting_mode":"set","block":{"attributes":{"before":{"type":"string","description_kind":"plain","required":true},"method":{"type":"string","description_kind":"plain","required":true}},"description_kind":"plain"}}},"description_kind":"plain"}}}}}}
