{"format_version":"0.1","provider_schemas":{"registry.terraform.io/trois-six/sendgrid":{"provider":{"version":0,"block":{"attributes":{"api_key":{"type":"string","description_kind":"plain","optional":true,"sensitive":true},"host":{"type":"string","description_kind":"plain","optional":true},"subuser":{"type":"string","description_kind":"plain","optional":true}},"description_kind":"plain"}},"resource_schemas":{"sendgrid_api_key":{"version":0,"block":{"attributes":{"api_key":{"type":"string","description":"The API key created by the API.","description_kind":"plain","computed":true},"id":{"type":"string","description_kind":"plain","optional":true,"computed":true},"name":{"type":"string","description":"The name you will use to describe this API Key.","description_kind":"plain","required":true},"scopes":{"type":["set","string"],"description":"The individual permissions that you are giving to this API Key.","description_kind":"plain","optional":true,"computed":true}},"description_kind":"plain"}},"sendgrid_subuser":{"version":0,"block":{"attributes":{"authorization_token":{"type":"string","description_kind":"plain","computed":true},"credit_allocation_type":{"type":"string","description_kind":"plain","computed":true},"disabled":{"type":"bool","description_kind":"plain","optional":true,"computed":true},"email":{"type":"string","description":"The email of the subuser.","description_kind":"plain","required":true},"id":{"type":"string","description_kind":"plain","optional":true,"computed":true},"ips":{"type":["set","string"],"description":"The IP addresses that should be assigned to this subuser.","description_kind":"plain","required":true},"password":{"type":"string","description":"The password the subuser will use when logging into SendGrid.","description_kind":"plain","required":true,"sensitive":true},"signup_session_token":{"type":"string","description_kind":"plain","computed":true},"user_id":{"type":"number","description_kind":"plain","computed":true},"username":{"type":"string","description":"The name of the subuser.","description_kind":"plain","required":true}},"description_kind":"plain"}},"sendgrid_template":{"version":0,"block":{"attributes":{"generation":{"type":"string","description":"Defines the generation of the template, allowed values: legacy, dynamic (default).","description_kind":"plain","optional":true},"id":{"type":"string","description_kind":"plain","optional":true,"computed":true},"name":{"type":"string","description":"The name of the template, max length: 100.","description_kind":"plain","required":true},"updated_at":{"type":"string","description":"The date and time of the last update of this template.","description_kind":"plain","computed":true}},"description_kind":"plain"}},"sendgrid_template_version":{"version":0,"block":{"attributes":{"active":{"type":"number","description":"Set the version as the active version associated with the template. Only one version of a template can be active. The first version created for a template will automatically be set to Active. Allowed values: 0, 1.","description_kind":"plain","optional":true},"editor":{"type":"string","description":"The editor used in the UI, allowed values: code (default), design.","description_kind":"plain","optional":true},"generate_plain_content":{"type":"bool","description":"If true (default), plain_content is always generated from html_content. If false, plain_content is not altered.","description_kind":"plain","optional":true},"html_content":{"type":"string","description":"The HTML content of the version, maximum of 1048576 bytes allowed.","description_kind":"plain","optional":true},"id":{"type":"string","description_kind":"plain","optional":true,"computed":true},"name":{"type":"string","description":"Name of the transactional template version, max length: 100.","description_kind":"plain","required":true},"plain_content":{"type":"string","description":"Text/plain content of the transactional template version, maximum of 1048576 bytes allowed.","description_kind":"plain","computed":true},"subject":{"type":"string","description":"Subject of the new transactional template version, max length: 255.","description_kind":"plain","required":true},"template_id":{"type":"string","description":"ID of the transactional template.","description_kind":"plain","required":true},"test_data":{"type":"string","description":"For dynamic templates only, the mock json data that will be used for template preview and test sends.","description_kind":"plain","optional":true},"thumbnail_url":{"type":"string","description":"A thumbnail preview of the template's html content.","description_kind":"plain","computed":true},"updated_at":{"type":"string","description":"The date and time that this transactional template version was updated.","description_kind":"plain","computed":true}},"description_kind":"plain"}}}}}}
