{"format_version":"0.1","provider_schemas":{"registry.terraform.io/juniorz/aiven":{"provider":{"version":0,"block":{"attributes":{"api_token":{"type":"string","description":"Aiven Authentication Token","description_kind":"plain","required":true,"sensitive":true}},"description_kind":"plain"}},"resource_schemas":{"aiven_account":{"version":0,"block":{"attributes":{"account_id":{"type":"string","description":"Account id","description_kind":"plain","computed":true},"create_time":{"type":"string","description":"Time of creation","description_kind":"plain","optional":true,"computed":true},"id":{"type":"string","description_kind":"plain","optional":true,"computed":true},"name":{"type":"string","description":"Account name","description_kind":"plain","required":true},"owner_team_id":{"type":"string","description":"Owner team id","description_kind":"plain","optional":true,"computed":true},"tenant_id":{"type":"string","description":"Tenant id","description_kind":"plain","optional":true,"computed":true},"update_time":{"type":"string","description":"Time of last update","description_kind":"plain","optional":true,"computed":true}},"description_kind":"plain"}},"aiven_account_authentication":{"version":0,"block":{"attributes":{"account_id":{"type":"string","description":"Account id","description_kind":"plain","required":true},"authentication_id":{"type":"string","description":"Account authentication id","description_kind":"plain","optional":true,"computed":true},"create_time":{"type":"string","description":"Time of creation","description_kind":"plain","optional":true,"computed":true},"enabled":{"type":"bool","description":"Status of account authentication method","description_kind":"plain","optional":true},"id":{"type":"string","description_kind":"plain","optional":true,"computed":true},"name":{"type":"string","description":"Account team name","description_kind":"plain","required":true},"saml_acs_url":{"type":"string","description":"SAML Assertion Consumer Service URL","description_kind":"plain","optional":true,"computed":true},"saml_certificate":{"type":"string","description":"SAML Certificate","description_kind":"plain","optional":true},"saml_entity_id":{"type":"string","description":"SAML Entity id","description_kind":"plain","optional":true},"saml_idp_url":{"type":"string","description":"SAML Idp URL","description_kind":"plain","optional":true},"saml_metadata_url":{"type":"string","description":"SAML Metadata URL","description_kind":"plain","optional":true,"computed":true},"type":{"type":"string","description":"Account authentication id","description_kind":"plain","required":true},"update_time":{"type":"string","description":"Time of last update","description_kind":"plain","optional":true,"computed":true}},"description_kind":"plain"}},"aiven_account_team":{"version":0,"block":{"attributes":{"account_id":{"type":"string","description":"Account id","description_kind":"plain","required":true},"create_time":{"type":"string","description":"Time of creation","description_kind":"plain","optional":true,"computed":true},"id":{"type":"string","description_kind":"plain","optional":true,"computed":true},"name":{"type":"string","description":"Account team name","description_kind":"plain","required":true},"team_id":{"type":"string","description":"Account team id","description_kind":"plain","computed":true},"update_time":{"type":"string","description":"Time of last update","description_kind":"plain","optional":true,"computed":true}},"description_kind":"plain"}},"aiven_account_team_member":{"version":0,"block":{"attributes":{"accepted":{"type":"bool","description":"Team member invitation status","description_kind":"plain","optional":true,"computed":true},"account_id":{"type":"string","description":"Account id","description_kind":"plain","required":true},"create_time":{"type":"string","description":"Time of creation","description_kind":"plain","optional":true,"computed":true},"id":{"type":"string","description_kind":"plain","optional":true,"computed":true},"invited_by_user_email":{"type":"string","description":"Team invited by user email","description_kind":"plain","optional":true,"computed":true},"team_id":{"type":"string","description":"Account team id","description_kind":"plain","required":true},"user_email":{"type":"string","description":"Team invite user email","description_kind":"plain","required":true}},"description_kind":"plain"}},"aiven_account_team_project":{"version":0,"block":{"attributes":{"account_id":{"type":"string","description":"Account id","description_kind":"plain","required":true},"id":{"type":"string","description_kind":"plain","optional":true,"computed":true},"project_name":{"type":"string","description":"Account team project name","description_kind":"plain","optional":true},"team_id":{"type":"string","description":"Account team id","description_kind":"plain","required":true},"team_type":{"type":"string","description":"Account team project type, can one of the following values: admin, developer, operator and read_only","description_kind":"plain","optional":true}},"description_kind":"plain"}},"aiven_cassandra":{"version":0,"block":{"attributes":{"cloud_name":{"type":"string","description":"Cloud the service runs in","description_kind":"plain","optional":true},"components":{"type":["list",["object",{"component":"string","host":"string","kafka_authentication_method":"string","port":"number","route":"string","ssl":"bool","usage":"string"}]],"description":"Service component information objects","description_kind":"plain","computed":true},"id":{"type":"string","description_kind":"plain","optional":true,"computed":true},"maintenance_window_dow":{"type":"string","description":"Day of week when maintenance operations should be performed. One monday, tuesday, wednesday, etc.","description_kind":"plain","optional":true},"maintenance_window_time":{"type":"string","description":"Time of day when maintenance operations should be performed. UTC time in HH:mm:ss format.","description_kind":"plain","optional":true},"plan":{"type":"string","description":"Subscription plan","description_kind":"plain","optional":true},"project":{"type":"string","description":"Target project","description_kind":"plain","required":true},"project_vpc_id":{"type":"string","description":"Identifier of the VPC the service should be in, if any","description_kind":"plain","optional":true},"service_host":{"type":"string","description":"Service hostname","description_kind":"plain","computed":true},"service_name":{"type":"string","description":"Service name","description_kind":"plain","required":true},"service_password":{"type":"string","description":"Password used for connecting to the service, if applicable","description_kind":"plain","computed":true,"sensitive":true},"service_port":{"type":"number","description":"Service port","description_kind":"plain","computed":true},"service_type":{"type":"string","description":"Aiven internal service type code","description_kind":"plain","computed":true},"service_uri":{"type":"string","description":"URI for connecting to the service. Service specific info is under \"kafka\", \"pg\", etc.","description_kind":"plain","computed":true,"sensitive":true},"service_username":{"type":"string","description":"Username used for connecting to the service, if applicable","description_kind":"plain","computed":true},"state":{"type":"string","description":"Service state","description_kind":"plain","computed":true},"termination_protection":{"type":"bool","description":"Prevent service from being deleted. It is recommended to have this enabled for all services.","description_kind":"plain","optional":true}},"block_types":{"cassandra":{"nesting_mode":"list","block":{"description":"Cassandra server provided values","description_kind":"plain"},"max_items":1},"cassandra_user_config":{"nesting_mode":"list","block":{"attributes":{"ip_filter":{"type":["list","string"],"description":"IP filter","description_kind":"plain","optional":true},"migrate_sstableloader":{"type":"string","description":"Migration mode for the sstableloader utility","description_kind":"plain","optional":true},"service_to_fork_from":{"type":"string","description":"Name of another service to fork from. This has effect only when a new service is being created.","description_kind":"plain","optional":true}},"block_types":{"private_access":{"nesting_mode":"list","block":{"attributes":{"prometheus":{"type":"string","description":"Allow clients to connect to prometheus with a DNS name that always resolves to the service's private IP addresses. Only available in certain network locations","description_kind":"plain","optional":true}},"description":"Allow access to selected service ports from private networks","description_kind":"plain"},"max_items":1},"public_access":{"nesting_mode":"list","block":{"attributes":{"prometheus":{"type":"string","description":"Allow clients to connect to prometheus from the public internet for service nodes that are in a project VPC or another type of private network","description_kind":"plain","optional":true}},"description":"Allow access to selected service ports from the public Internet","description_kind":"plain"},"max_items":1}},"description":"Cassandra user configurable settings","description_kind":"plain"},"max_items":1},"service_integrations":{"nesting_mode":"list","block":{"attributes":{"integration_type":{"type":"string","description":"Type of the service integration. The only supported value at the moment is 'read_replica'","description_kind":"plain","required":true},"source_service_name":{"type":"string","description":"Name of the source service","description_kind":"plain","required":true}},"description":"Service integrations to specify when creating a service. Not applied after initial service creation","description_kind":"plain"}},"timeouts":{"nesting_mode":"single","block":{"attributes":{"create":{"type":"string","description_kind":"plain","optional":true},"update":{"type":"string","description_kind":"plain","optional":true}},"description_kind":"plain"}}},"description_kind":"plain"}},"aiven_connection_pool":{"version":0,"block":{"attributes":{"connection_uri":{"type":"string","description":"URI for connecting to the pool","description_kind":"plain","computed":true,"sensitive":true},"database_name":{"type":"string","description":"Name of the database the pool connects to","description_kind":"plain","required":true},"id":{"type":"string","description_kind":"plain","optional":true,"computed":true},"pool_mode":{"type":"string","description":"Mode the pool operates in (session, transaction, statement)","description_kind":"plain","optional":true},"pool_name":{"type":"string","description":"Name of the pool","description_kind":"plain","required":true},"pool_size":{"type":"number","description":"Number of connections the pool may create towards the backend server","description_kind":"plain","optional":true},"project":{"type":"string","description":"Project to link the connection pool to","description_kind":"plain","required":true},"service_name":{"type":"string","description":"Service to link the connection pool to","description_kind":"plain","required":true},"username":{"type":"string","description":"Name of the service user used to connect to the database","description_kind":"plain","required":true}},"description_kind":"plain"}},"aiven_database":{"version":0,"block":{"attributes":{"database_name":{"type":"string","description":"Service database name","description_kind":"plain","required":true},"id":{"type":"string","description_kind":"plain","optional":true,"computed":true},"lc_collate":{"type":"string","description":"Default string sort order (LC_COLLATE) of the database. Default value: en_US.UTF-8","description_kind":"plain","optional":true},"lc_ctype":{"type":"string","description":"Default character classification (LC_CTYPE) of the database. Default value: en_US.UTF-8","description_kind":"plain","optional":true},"project":{"type":"string","description":"Project to link the database to","description_kind":"plain","required":true},"service_name":{"type":"string","description":"Service to link the database to","description_kind":"plain","required":true},"termination_protection":{"type":"bool","description":"It is a Terraform client-side deletion protections, which prevents the database\n\t\t\tfrom being deleted by Terraform. It is recommended to enable this for any production\n\t\t\tdatabases containing critical data.","description_kind":"plain","optional":true}},"description_kind":"plain"}},"aiven_elasticsearch":{"version":0,"block":{"attributes":{"cloud_name":{"type":"string","description":"Cloud the service runs in","description_kind":"plain","optional":true},"components":{"type":["list",["object",{"component":"string","host":"string","kafka_authentication_method":"string","port":"number","route":"string","ssl":"bool","usage":"string"}]],"description":"Service component information objects","description_kind":"plain","computed":true},"id":{"type":"string","description_kind":"plain","optional":true,"computed":true},"maintenance_window_dow":{"type":"string","description":"Day of week when maintenance operations should be performed. One monday, tuesday, wednesday, etc.","description_kind":"plain","optional":true},"maintenance_window_time":{"type":"string","description":"Time of day when maintenance operations should be performed. UTC time in HH:mm:ss format.","description_kind":"plain","optional":true},"plan":{"type":"string","description":"Subscription plan","description_kind":"plain","optional":true},"project":{"type":"string","description":"Target project","description_kind":"plain","required":true},"project_vpc_id":{"type":"string","description":"Identifier of the VPC the service should be in, if any","description_kind":"plain","optional":true},"service_host":{"type":"string","description":"Service hostname","description_kind":"plain","computed":true},"service_name":{"type":"string","description":"Service name","description_kind":"plain","required":true},"service_password":{"type":"string","description":"Password used for connecting to the service, if applicable","description_kind":"plain","computed":true,"sensitive":true},"service_port":{"type":"number","description":"Service port","description_kind":"plain","computed":true},"service_type":{"type":"string","description":"Aiven internal service type code","description_kind":"plain","computed":true},"service_uri":{"type":"string","description":"URI for connecting to the service. Service specific info is under \"kafka\", \"pg\", etc.","description_kind":"plain","computed":true,"sensitive":true},"service_username":{"type":"string","description":"Username used for connecting to the service, if applicable","description_kind":"plain","computed":true},"state":{"type":"string","description":"Service state","description_kind":"plain","computed":true},"termination_protection":{"type":"bool","description":"Prevent service from being deleted. It is recommended to have this enabled for all services.","description_kind":"plain","optional":true}},"block_types":{"elasticsearch":{"nesting_mode":"list","block":{"attributes":{"kibana_uri":{"type":"string","description":"URI for Kibana frontend","description_kind":"plain","computed":true,"sensitive":true}},"description":"Elasticsearch server provided values","description_kind":"plain"},"max_items":1},"elasticsearch_user_config":{"nesting_mode":"list","block":{"attributes":{"custom_domain":{"type":"string","description":"Custom domain","description_kind":"plain","optional":true},"disable_replication_factor_adjustment":{"type":"string","description":"Disable replication factor adjustment","description_kind":"plain","optional":true},"elasticsearch_version":{"type":"string","description":"Elasticsearch major version","description_kind":"plain","optional":true},"ip_filter":{"type":["list","string"],"description":"IP filter","description_kind":"plain","optional":true},"max_index_count":{"type":"string","description":"Maximum index count","description_kind":"plain","optional":true},"recovery_basebackup_name":{"type":"string","description":"Name of the basebackup to restore in forked service","description_kind":"plain","optional":true},"service_to_fork_from":{"type":"string","description":"Name of another service to fork from. This has effect only when a new service is being created.","description_kind":"plain","optional":true}},"block_types":{"elasticsearch":{"nesting_mode":"list","block":{"attributes":{"action_auto_create_index_enabled":{"type":"string","description":"action.auto_create_index","description_kind":"plain","optional":true},"action_destructive_requires_name":{"type":"string","description":"Require explicit index names when deleting","description_kind":"plain","optional":true},"http_max_content_length":{"type":"string","description":"http.max_content_length","description_kind":"plain","optional":true},"http_max_header_size":{"type":"string","description":"http.max_header_size","description_kind":"plain","optional":true},"http_max_initial_line_length":{"type":"string","description":"http.max_initial_line_length","description_kind":"plain","optional":true},"indices_fielddata_cache_size":{"type":"string","description":"indices.fielddata.cache.size","description_kind":"plain","optional":true},"indices_memory_index_buffer_size":{"type":"string","description":"indices.memory.index_buffer_size","description_kind":"plain","optional":true},"indices_queries_cache_size":{"type":"string","description":"indices.queries.cache.size","description_kind":"plain","optional":true},"indices_query_bool_max_clause_count":{"type":"string","description":"indices.query.bool.max_clause_count","description_kind":"plain","optional":true},"reindex_remote_whitelist":{"type":["list","string"],"description":"reindex_remote_whitelist","description_kind":"plain","optional":true},"search_max_buckets":{"type":"string","description":"search.max_buckets","description_kind":"plain","optional":true},"thread_pool_analyze_queue_size":{"type":"string","description":"analyze thread pool queue size","description_kind":"plain","optional":true},"thread_pool_analyze_size":{"type":"string","description":"analyze thread pool size","description_kind":"plain","optional":true},"thread_pool_force_merge_size":{"type":"string","description":"force_merge thread pool size","description_kind":"plain","optional":true},"thread_pool_get_queue_size":{"type":"string","description":"get thread pool queue size","description_kind":"plain","optional":true},"thread_pool_get_size":{"type":"string","description":"get thread pool size","description_kind":"plain","optional":true},"thread_pool_index_queue_size":{"type":"string","description":"index thread pool queue size","description_kind":"plain","optional":true},"thread_pool_index_size":{"type":"string","description":"index thread pool size","description_kind":"plain","optional":true},"thread_pool_search_queue_size":{"type":"string","description":"search thread pool queue size","description_kind":"plain","optional":true},"thread_pool_search_size":{"type":"string","description":"search thread pool size","description_kind":"plain","optional":true},"thread_pool_search_throttled_queue_size":{"type":"string","description":"search_throttled thread pool queue size","description_kind":"plain","optional":true},"thread_pool_search_throttled_size":{"type":"string","description":"search_throttled thread pool size","description_kind":"plain","optional":true},"thread_pool_write_queue_size":{"type":"string","description":"write thread pool queue size","description_kind":"plain","optional":true},"thread_pool_write_size":{"type":"string","description":"write thread pool size","description_kind":"plain","optional":true}},"description":"Elasticsearch settings","description_kind":"plain"},"max_items":1},"index_patterns":{"nesting_mode":"list","block":{"attributes":{"max_index_count":{"type":"string","description":"Maximum number of indexes to keep","description_kind":"plain","optional":true},"pattern":{"type":"string","description":"fnmatch pattern","description_kind":"plain","optional":true}},"description":"Index patterns","description_kind":"plain"},"max_items":512},"kibana":{"nesting_mode":"list","block":{"attributes":{"elasticsearch_request_timeout":{"type":"string","description":"Timeout in milliseconds for requests made by Kibana towards Elasticsearch","description_kind":"plain","optional":true},"enabled":{"type":"string","description":"Enable or disable Kibana","description_kind":"plain","optional":true},"max_old_space_size":{"type":"string","description":"max_old_space_size","description_kind":"plain","optional":true}},"description":"Kibana settings","description_kind":"plain"},"max_items":1},"private_access":{"nesting_mode":"list","block":{"attributes":{"elasticsearch":{"type":"string","description":"Allow clients to connect to elasticsearch with a DNS name that always resolves to the service's private IP addresses. Only available in certain network locations","description_kind":"plain","optional":true},"kibana":{"type":"string","description":"Allow clients to connect to kibana with a DNS name that always resolves to the service's private IP addresses. Only available in certain network locations","description_kind":"plain","optional":true},"prometheus":{"type":"string","description":"Allow clients to connect to prometheus with a DNS name that always resolves to the service's private IP addresses. Only available in certain network locations","description_kind":"plain","optional":true}},"description":"Allow access to selected service ports from private networks","description_kind":"plain"},"max_items":1},"public_access":{"nesting_mode":"list","block":{"attributes":{"elasticsearch":{"type":"string","description":"Allow clients to connect to elasticsearch from the public internet for service nodes that are in a project VPC or another type of private network","description_kind":"plain","optional":true},"kibana":{"type":"string","description":"Allow clients to connect to kibana from the public internet for service nodes that are in a project VPC or another type of private network","description_kind":"plain","optional":true},"prometheus":{"type":"string","description":"Allow clients to connect to prometheus from the public internet for service nodes that are in a project VPC or another type of private network","description_kind":"plain","optional":true}},"description":"Allow access to selected service ports from the public Internet","description_kind":"plain"},"max_items":1}},"description":"Elasticsearch user configurable settings","description_kind":"plain"},"max_items":1},"service_integrations":{"nesting_mode":"list","block":{"attributes":{"integration_type":{"type":"string","description":"Type of the service integration. The only supported value at the moment is 'read_replica'","description_kind":"plain","required":true},"source_service_name":{"type":"string","description":"Name of the source service","description_kind":"plain","required":true}},"description":"Service integrations to specify when creating a service. Not applied after initial service creation","description_kind":"plain"}},"timeouts":{"nesting_mode":"single","block":{"attributes":{"create":{"type":"string","description_kind":"plain","optional":true},"update":{"type":"string","description_kind":"plain","optional":true}},"description_kind":"plain"}}},"description_kind":"plain"}},"aiven_elasticsearch_acl":{"version":0,"block":{"attributes":{"enabled":{"type":"bool","description":"Enable Elasticsearch ACLs. When disabled authenticated service users have unrestricted access","description_kind":"plain","optional":true},"extended_acl":{"type":"bool","description":"Index rules can be applied in a limited fashion to the _mget, _msearch and _bulk APIs (and only those) by enabling the ExtendedAcl option for the service. When it is enabled, users can use these APIs as long as all operations only target indexes they have been granted access to","description_kind":"plain","optional":true},"id":{"type":"string","description_kind":"plain","optional":true,"computed":true},"project":{"type":"string","description":"Project to link the Elasticsearch ACLs to","description_kind":"plain","required":true},"service_name":{"type":"string","description":"Service to link the Elasticsearch ACLs to","description_kind":"plain","required":true}},"block_types":{"acl":{"nesting_mode":"set","block":{"attributes":{"username":{"type":"string","description":"Username for the ACL entry","description_kind":"plain","required":true}},"block_types":{"rule":{"nesting_mode":"set","block":{"attributes":{"index":{"type":"string","description":"Elasticsearch index pattern","description_kind":"plain","required":true},"permission":{"type":"string","description":"Elasticsearch permission","description_kind":"plain","required":true}},"description":"Elasticsearch rules","description_kind":"plain"},"min_items":1}},"description":"List of Elasticsearch ACLs","description_kind":"plain"}}},"description_kind":"plain"}},"aiven_grafana":{"version":0,"block":{"attributes":{"cloud_name":{"type":"string","description":"Cloud the service runs in","description_kind":"plain","optional":true},"components":{"type":["list",["object",{"component":"string","host":"string","kafka_authentication_method":"string","port":"number","route":"string","ssl":"bool","usage":"string"}]],"description":"Service component information objects","description_kind":"plain","computed":true},"id":{"type":"string","description_kind":"plain","optional":true,"computed":true},"maintenance_window_dow":{"type":"string","description":"Day of week when maintenance operations should be performed. One monday, tuesday, wednesday, etc.","description_kind":"plain","optional":true},"maintenance_window_time":{"type":"string","description":"Time of day when maintenance operations should be performed. UTC time in HH:mm:ss format.","description_kind":"plain","optional":true},"plan":{"type":"string","description":"Subscription plan","description_kind":"plain","optional":true},"project":{"type":"string","description":"Target project","description_kind":"plain","required":true},"project_vpc_id":{"type":"string","description":"Identifier of the VPC the service should be in, if any","description_kind":"plain","optional":true},"service_host":{"type":"string","description":"Service hostname","description_kind":"plain","computed":true},"service_name":{"type":"string","description":"Service name","description_kind":"plain","required":true},"service_password":{"type":"string","description":"Password used for connecting to the service, if applicable","description_kind":"plain","computed":true,"sensitive":true},"service_port":{"type":"number","description":"Service port","description_kind":"plain","computed":true},"service_type":{"type":"string","description":"Aiven internal service type code","description_kind":"plain","computed":true},"service_uri":{"type":"string","description":"URI for connecting to the service. Service specific info is under \"kafka\", \"pg\", etc.","description_kind":"plain","computed":true,"sensitive":true},"service_username":{"type":"string","description":"Username used for connecting to the service, if applicable","description_kind":"plain","computed":true},"state":{"type":"string","description":"Service state","description_kind":"plain","computed":true},"termination_protection":{"type":"bool","description":"Prevent service from being deleted. It is recommended to have this enabled for all services.","description_kind":"plain","optional":true}},"block_types":{"grafana":{"nesting_mode":"list","block":{"description":"Grafana server provided values","description_kind":"plain"},"max_items":1},"grafana_user_config":{"nesting_mode":"list","block":{"attributes":{"alerting_enabled":{"type":"string","description":"Enable or disable Grafana alerting functionality","description_kind":"plain","optional":true},"alerting_error_or_timeout":{"type":"string","description":"Default error or timeout setting for new alerting rules","description_kind":"plain","optional":true},"alerting_nodata_or_nullvalues":{"type":"string","description":"Default value for 'no data or null values' for new alerting rules","description_kind":"plain","optional":true},"allow_embedding":{"type":"string","description":"Allow embedding Grafana dashboards with iframe/frame/object/embed tags. Disabled by default to limit impact of clickjacking","description_kind":"plain","optional":true},"auth_basic_enabled":{"type":"string","description":"Enable or disable basic authentication form, used by Grafana built-in login","description_kind":"plain","optional":true},"cookie_samesite":{"type":"string","description":"Cookie SameSite attribute: 'strict' prevents sending cookie for cross-site requests, effectively disabling direct linking from other sites to Grafana. 'lax' is the default value.","description_kind":"plain","optional":true},"custom_domain":{"type":"string","description":"Custom domain","description_kind":"plain","optional":true},"dashboards_versions_to_keep":{"type":"string","description":"Dashboard versions to keep per dashboard","description_kind":"plain","optional":true},"dataproxy_send_user_header":{"type":"string","description":"Send 'X-Grafana-User' header to data source","description_kind":"plain","optional":true},"dataproxy_timeout":{"type":"string","description":"Timeout for data proxy requests in seconds","description_kind":"plain","optional":true},"disable_gravatar":{"type":"string","description":"Set to true to disable gravatar. Defaults to false (gravatar is enabled)","description_kind":"plain","optional":true},"editors_can_admin":{"type":"string","description":"Editors can manage folders, teams and dashboards created by them","description_kind":"plain","optional":true},"google_analytics_ua_id":{"type":"string","description":"Google Analytics Universal Analytics ID for tracking Grafana usage","description_kind":"plain","optional":true},"ip_filter":{"type":["list","string"],"description":"IP filter","description_kind":"plain","optional":true},"metrics_enabled":{"type":"string","description":"Enable Grafana /metrics endpoint","description_kind":"plain","optional":true},"user_auto_assign_org":{"type":"string","description":"Auto-assign new users on signup to main organization. Defaults to false","description_kind":"plain","optional":true},"user_auto_assign_org_role":{"type":"string","description":"Set role for new signups. Defaults to Viewer","description_kind":"plain","optional":true},"viewers_can_edit":{"type":"string","description":"Users with view-only permission can edit but not save dashboards","description_kind":"plain","optional":true}},"block_types":{"auth_generic_oauth":{"nesting_mode":"list","block":{"attributes":{"allow_sign_up":{"type":"string","description":"Automatically sign-up users on successful sign-in","description_kind":"plain","optional":true},"allowed_domains":{"type":["list","string"],"description":"Allowed domains","description_kind":"plain","optional":true},"allowed_organizations":{"type":["list","string"],"description":"Require user to be member of one of the listed organizations","description_kind":"plain","optional":true},"api_url":{"type":"string","description":"API URL","description_kind":"plain","optional":true},"auth_url":{"type":"string","description":"Authorization URL","description_kind":"plain","optional":true},"client_id":{"type":"string","description":"Client ID from provider","description_kind":"plain","optional":true},"client_secret":{"type":"string","description":"Client secret from provider","description_kind":"plain","optional":true},"name":{"type":"string","description":"Name of the OAuth integration","description_kind":"plain","optional":true},"scopes":{"type":["list","string"],"description":"OAuth scopes","description_kind":"plain","optional":true},"token_url":{"type":"string","description":"Token URL","description_kind":"plain","optional":true}},"description":"Generic OAuth integration","description_kind":"plain"},"max_items":1},"auth_github":{"nesting_mode":"list","block":{"attributes":{"allow_sign_up":{"type":"string","description":"Automatically sign-up users on successful sign-in","description_kind":"plain","optional":true},"allowed_organizations":{"type":["list","string"],"description":"Require users to belong to one of given organizations","description_kind":"plain","optional":true},"client_id":{"type":"string","description":"Client ID from provider","description_kind":"plain","optional":true},"client_secret":{"type":"string","description":"Client secret from provider","description_kind":"plain","optional":true},"team_ids":{"type":["list","string"],"description":"Require users to belong to one of given team IDs","description_kind":"plain","optional":true}},"description":"Github Auth integration","description_kind":"plain"},"max_items":1},"auth_gitlab":{"nesting_mode":"list","block":{"attributes":{"allow_sign_up":{"type":"string","description":"Automatically sign-up users on successful sign-in","description_kind":"plain","optional":true},"allowed_groups":{"type":["list","string"],"description":"Require users to belong to one of given groups","description_kind":"plain","optional":true},"api_url":{"type":"string","description":"API URL. This only needs to be set when using self hosted GitLab","description_kind":"plain","optional":true},"auth_url":{"type":"string","description":"Authorization URL. This only needs to be set when using self hosted GitLab","description_kind":"plain","optional":true},"client_id":{"type":"string","description":"Client ID from provider","description_kind":"plain","optional":true},"client_secret":{"type":"string","description":"Client secret from provider","description_kind":"plain","optional":true},"token_url":{"type":"string","description":"Token URL. This only needs to be set when using self hosted GitLab","description_kind":"plain","optional":true}},"description":"GitLab Auth integration","description_kind":"plain"},"max_items":1},"auth_google":{"nesting_mode":"list","block":{"attributes":{"allow_sign_up":{"type":"string","description":"Automatically sign-up users on successful sign-in","description_kind":"plain","optional":true},"allowed_domains":{"type":["list","string"],"description":"Domains allowed to sign-in to this Grafana","description_kind":"plain","optional":true},"client_id":{"type":"string","description":"Client ID from provider","description_kind":"plain","optional":true},"client_secret":{"type":"string","description":"Client secret from provider","description_kind":"plain","optional":true}},"description":"Google Auth integration","description_kind":"plain"},"max_items":1},"external_image_storage":{"nesting_mode":"list","block":{"attributes":{"access_key":{"type":"string","description":"S3 access key. Requires permissions to the S3 bucket for the s3:PutObject and s3:PutObjectAcl actions","description_kind":"plain","optional":true},"bucket_url":{"type":"string","description":"Bucket URL for S3","description_kind":"plain","optional":true},"provider":{"type":"string","description":"Provider type","description_kind":"plain","optional":true},"secret_key":{"type":"string","description":"S3 secret key","description_kind":"plain","optional":true}},"description":"External image store settings","description_kind":"plain"},"max_items":1},"private_access":{"nesting_mode":"list","block":{"attributes":{"grafana":{"type":"string","description":"Allow clients to connect to grafana with a DNS name that always resolves to the service's private IP addresses. Only available in certain network locations","description_kind":"plain","optional":true}},"description":"Allow access to selected service ports from private networks","description_kind":"plain"},"max_items":1},"public_access":{"nesting_mode":"list","block":{"attributes":{"grafana":{"type":"string","description":"Allow clients to connect to grafana from the public internet for service nodes that are in a project VPC or another type of private network","description_kind":"plain","optional":true}},"description":"Allow access to selected service ports from the public Internet","description_kind":"plain"},"max_items":1},"smtp_server":{"nesting_mode":"list","block":{"attributes":{"from_address":{"type":"string","description":"Address used for sending emails","description_kind":"plain","optional":true},"from_name":{"type":"string","description":"Name used in outgoing emails, defaults to Grafana","description_kind":"plain","optional":true},"host":{"type":"string","description":"Server hostname or IP","description_kind":"plain","optional":true},"password":{"type":"string","description":"Password for SMTP authentication","description_kind":"plain","optional":true,"sensitive":true},"port":{"type":"string","description":"SMTP server port","description_kind":"plain","optional":true},"skip_verify":{"type":"string","description":"Skip verifying server certificate. Defaults to false","description_kind":"plain","optional":true},"username":{"type":"string","description":"Username for SMTP authentication","description_kind":"plain","optional":true}},"description":"SMTP server settings","description_kind":"plain"},"max_items":1}},"description":"Grafana user configurable settings","description_kind":"plain"},"max_items":1},"service_integrations":{"nesting_mode":"list","block":{"attributes":{"integration_type":{"type":"string","description":"Type of the service integration. The only supported value at the moment is 'read_replica'","description_kind":"plain","required":true},"source_service_name":{"type":"string","description":"Name of the source service","description_kind":"plain","required":true}},"description":"Service integrations to specify when creating a service. Not applied after initial service creation","description_kind":"plain"}},"timeouts":{"nesting_mode":"single","block":{"attributes":{"create":{"type":"string","description_kind":"plain","optional":true},"update":{"type":"string","description_kind":"plain","optional":true}},"description_kind":"plain"}}},"description_kind":"plain"}},"aiven_influxdb":{"version":0,"block":{"attributes":{"cloud_name":{"type":"string","description":"Cloud the service runs in","description_kind":"plain","optional":true},"components":{"type":["list",["object",{"component":"string","host":"string","kafka_authentication_method":"string","port":"number","route":"string","ssl":"bool","usage":"string"}]],"description":"Service component information objects","description_kind":"plain","computed":true},"id":{"type":"string","description_kind":"plain","optional":true,"computed":true},"maintenance_window_dow":{"type":"string","description":"Day of week when maintenance operations should be performed. One monday, tuesday, wednesday, etc.","description_kind":"plain","optional":true},"maintenance_window_time":{"type":"string","description":"Time of day when maintenance operations should be performed. UTC time in HH:mm:ss format.","description_kind":"plain","optional":true},"plan":{"type":"string","description":"Subscription plan","description_kind":"plain","optional":true},"project":{"type":"string","description":"Target project","description_kind":"plain","required":true},"project_vpc_id":{"type":"string","description":"Identifier of the VPC the service should be in, if any","description_kind":"plain","optional":true},"service_host":{"type":"string","description":"Service hostname","description_kind":"plain","computed":true},"service_name":{"type":"string","description":"Service name","description_kind":"plain","required":true},"service_password":{"type":"string","description":"Password used for connecting to the service, if applicable","description_kind":"plain","computed":true,"sensitive":true},"service_port":{"type":"number","description":"Service port","description_kind":"plain","computed":true},"service_type":{"type":"string","description":"Aiven internal service type code","description_kind":"plain","computed":true},"service_uri":{"type":"string","description":"URI for connecting to the service. Service specific info is under \"kafka\", \"pg\", etc.","description_kind":"plain","computed":true,"sensitive":true},"service_username":{"type":"string","description":"Username used for connecting to the service, if applicable","description_kind":"plain","computed":true},"state":{"type":"string","description":"Service state","description_kind":"plain","computed":true},"termination_protection":{"type":"bool","description":"Prevent service from being deleted. It is recommended to have this enabled for all services.","description_kind":"plain","optional":true}},"block_types":{"influxdb":{"nesting_mode":"list","block":{"attributes":{"database_name":{"type":"string","description":"Name of the default InfluxDB database","description_kind":"plain","computed":true}},"description":"InfluxDB server provided values","description_kind":"plain"},"max_items":1},"influxdb_user_config":{"nesting_mode":"list","block":{"attributes":{"custom_domain":{"type":"string","description":"Custom domain","description_kind":"plain","optional":true},"ip_filter":{"type":["list","string"],"description":"IP filter","description_kind":"plain","optional":true},"service_to_fork_from":{"type":"string","description":"Name of another service to fork from. This has effect only when a new service is being created.","description_kind":"plain","optional":true}},"block_types":{"private_access":{"nesting_mode":"list","block":{"attributes":{"influxdb":{"type":"string","description":"Allow clients to connect to influxdb with a DNS name that always resolves to the service's private IP addresses. Only available in certain network locations","description_kind":"plain","optional":true}},"description":"Allow access to selected service ports from private networks","description_kind":"plain"},"max_items":1},"public_access":{"nesting_mode":"list","block":{"attributes":{"influxdb":{"type":"string","description":"Allow clients to connect to influxdb from the public internet for service nodes that are in a project VPC or another type of private network","description_kind":"plain","optional":true}},"description":"Allow access to selected service ports from the public Internet","description_kind":"plain"},"max_items":1}},"description":"InfluxDB user configurable settings","description_kind":"plain"},"max_items":1},"service_integrations":{"nesting_mode":"list","block":{"attributes":{"integration_type":{"type":"string","description":"Type of the service integration. The only supported value at the moment is 'read_replica'","description_kind":"plain","required":true},"source_service_name":{"type":"string","description":"Name of the source service","description_kind":"plain","required":true}},"description":"Service integrations to specify when creating a service. Not applied after initial service creation","description_kind":"plain"}},"timeouts":{"nesting_mode":"single","block":{"attributes":{"create":{"type":"string","description_kind":"plain","optional":true},"update":{"type":"string","description_kind":"plain","optional":true}},"description_kind":"plain"}}},"description_kind":"plain"}},"aiven_kafka":{"version":0,"block":{"attributes":{"cloud_name":{"type":"string","description":"Cloud the service runs in","description_kind":"plain","optional":true},"components":{"type":["list",["object",{"component":"string","host":"string","kafka_authentication_method":"string","port":"number","route":"string","ssl":"bool","usage":"string"}]],"description":"Service component information objects","description_kind":"plain","computed":true},"default_acl":{"type":"bool","description":"Create default wildcard Kafka ACL","description_kind":"plain","optional":true},"id":{"type":"string","description_kind":"plain","optional":true,"computed":true},"maintenance_window_dow":{"type":"string","description":"Day of week when maintenance operations should be performed. One monday, tuesday, wednesday, etc.","description_kind":"plain","optional":true},"maintenance_window_time":{"type":"string","description":"Time of day when maintenance operations should be performed. UTC time in HH:mm:ss format.","description_kind":"plain","optional":true},"plan":{"type":"string","description":"Subscription plan","description_kind":"plain","optional":true},"project":{"type":"string","description":"Target project","description_kind":"plain","required":true},"project_vpc_id":{"type":"string","description":"Identifier of the VPC the service should be in, if any","description_kind":"plain","optional":true},"service_host":{"type":"string","description":"Service hostname","description_kind":"plain","computed":true},"service_name":{"type":"string","description":"Service name","description_kind":"plain","required":true},"service_password":{"type":"string","description":"Password used for connecting to the service, if applicable","description_kind":"plain","computed":true,"sensitive":true},"service_port":{"type":"number","description":"Service port","description_kind":"plain","computed":true},"service_type":{"type":"string","description":"Aiven internal service type code","description_kind":"plain","computed":true},"service_uri":{"type":"string","description":"URI for connecting to the service. Service specific info is under \"kafka\", \"pg\", etc.","description_kind":"plain","computed":true,"sensitive":true},"service_username":{"type":"string","description":"Username used for connecting to the service, if applicable","description_kind":"plain","computed":true},"state":{"type":"string","description":"Service state","description_kind":"plain","computed":true},"termination_protection":{"type":"bool","description":"Prevent service from being deleted. It is recommended to have this enabled for all services.","description_kind":"plain","optional":true}},"block_types":{"kafka":{"nesting_mode":"list","block":{"attributes":{"access_cert":{"type":"string","description":"The Kafka client certificate","description_kind":"plain","optional":true,"computed":true,"sensitive":true},"access_key":{"type":"string","description":"The Kafka client certificate key","description_kind":"plain","optional":true,"computed":true,"sensitive":true},"connect_uri":{"type":"string","description":"The Kafka Connect URI, if any","description_kind":"plain","optional":true,"computed":true,"sensitive":true},"rest_uri":{"type":"string","description":"The Kafka REST URI, if any","description_kind":"plain","optional":true,"computed":true,"sensitive":true},"schema_registry_uri":{"type":"string","description":"The Schema Registry URI, if any","description_kind":"plain","optional":true,"computed":true,"sensitive":true}},"description":"Kafka server provided values","description_kind":"plain"},"max_items":1},"kafka_user_config":{"nesting_mode":"list","block":{"attributes":{"custom_domain":{"type":"string","description":"Custom domain","description_kind":"plain","optional":true},"ip_filter":{"type":["list","string"],"description":"IP filter","description_kind":"plain","optional":true},"kafka_connect":{"type":"string","description":"Enable Kafka Connect service","description_kind":"plain","optional":true},"kafka_rest":{"type":"string","description":"Enable Kafka-REST service","description_kind":"plain","optional":true},"kafka_version":{"type":"string","description":"Kafka major version","description_kind":"plain","optional":true},"schema_registry":{"type":"string","description":"Enable Schema-Registry service","description_kind":"plain","optional":true}},"block_types":{"kafka":{"nesting_mode":"list","block":{"attributes":{"auto_create_topics_enable":{"type":"string","description":"auto.create.topics.enable","description_kind":"plain","optional":true},"compression_type":{"type":"string","description":"compression.type","description_kind":"plain","optional":true},"connections_max_idle_ms":{"type":"string","description":"connections.max.idle.ms","description_kind":"plain","optional":true},"default_replication_factor":{"type":"string","description":"default.replication.factor","description_kind":"plain","optional":true},"group_max_session_timeout_ms":{"type":"string","description":"group.max.session.timeout.ms","description_kind":"plain","optional":true},"group_min_session_timeout_ms":{"type":"string","description":"group.min.session.timeout.ms","description_kind":"plain","optional":true},"log_cleaner_max_compaction_lag_ms":{"type":"string","description":"log.cleaner.max.compaction.lag.ms","description_kind":"plain","optional":true},"log_cleaner_min_cleanable_ratio":{"type":"string","description":"log.cleaner.min.cleanable.ratio","description_kind":"plain","optional":true},"log_cleaner_min_compaction_lag_ms":{"type":"string","description":"log.cleaner.min.compaction.lag.ms","description_kind":"plain","optional":true},"log_cleanup_policy":{"type":"string","description":"log.cleanup.policy","description_kind":"plain","optional":true},"log_message_timestamp_difference_max_ms":{"type":"string","description":"log.message.timestamp.difference.max.ms","description_kind":"plain","optional":true},"log_message_timestamp_type":{"type":"string","description":"log.message.timestamp.type","description_kind":"plain","optional":true},"log_retention_bytes":{"type":"string","description":"log.retention.bytes","description_kind":"plain","optional":true},"log_retention_hours":{"type":"string","description":"log.retention.hours","description_kind":"plain","optional":true},"log_segment_bytes":{"type":"string","description":"log.segment.bytes","description_kind":"plain","optional":true},"max_connections_per_ip":{"type":"string","description":"max.connections.per.ip","description_kind":"plain","optional":true},"max_incremental_fetch_session_cache_slots":{"type":"string","description":"max.incremental.fetch.session.cache.slots","description_kind":"plain","optional":true},"message_max_bytes":{"type":"string","description":"message.max.bytes","description_kind":"plain","optional":true},"num_partitions":{"type":"string","description":"num.partitions","description_kind":"plain","optional":true},"offsets_retention_minutes":{"type":"string","description":"offsets.retention.minutes","description_kind":"plain","optional":true},"producer_purgatory_purge_interval_requests":{"type":"string","description":"producer.purgatory.purge.interval.requests","description_kind":"plain","optional":true},"replica_fetch_max_bytes":{"type":"string","description":"replica.fetch.max.bytes","description_kind":"plain","optional":true},"replica_fetch_response_max_bytes":{"type":"string","description":"replica.fetch.response.max.bytes","description_kind":"plain","optional":true},"socket_request_max_bytes":{"type":"string","description":"socket.request.max.bytes","description_kind":"plain","optional":true}},"description":"Kafka broker configuration values","description_kind":"plain"},"max_items":1},"kafka_authentication_methods":{"nesting_mode":"list","block":{"attributes":{"certificate":{"type":"string","description":"Enable certificate/SSL authentication","description_kind":"plain","optional":true},"sasl":{"type":"string","description":"Enable SASL authentication","description_kind":"plain","optional":true}},"description":"Kafka authentication methods","description_kind":"plain"},"max_items":1},"kafka_connect_config":{"nesting_mode":"list","block":{"attributes":{"connector_client_config_override_policy":{"type":"string","description":"Client config override policy","description_kind":"plain","optional":true},"consumer_auto_offset_reset":{"type":"string","description":"Consumer auto offset reset","description_kind":"plain","optional":true},"consumer_isolation_level":{"type":"string","description":"Consumer isolation level","description_kind":"plain","optional":true},"consumer_max_poll_interval_ms":{"type":"string","description":"The maximum delay between polls when using consumer group management","description_kind":"plain","optional":true},"consumer_max_poll_records":{"type":"string","description":"The maximum number of records returned by a single poll","description_kind":"plain","optional":true},"offset_flush_interval_ms":{"type":"string","description":"The interval at which to try committing offsets for tasks","description_kind":"plain","optional":true},"offset_flush_timeout_ms":{"type":"string","description":"Offset flush timeout","description_kind":"plain","optional":true},"session_timeout_ms":{"type":"string","description":"The timeout used to detect failures when using Kafka’s group management facilities","description_kind":"plain","optional":true}},"description":"Kafka Connect configuration values","description_kind":"plain"},"max_items":1},"kafka_rest_config":{"nesting_mode":"list","block":{"attributes":{"consumer_enable_auto_commit":{"type":"string","description":"consumer.enable.auto.commit","description_kind":"plain","optional":true},"consumer_request_max_bytes":{"type":"string","description":"consumer.request.max.bytes","description_kind":"plain","optional":true},"consumer_request_timeout_ms":{"type":"string","description":"consumer.request.timeout.ms","description_kind":"plain","optional":true},"producer_acks":{"type":"string","description":"producer.acks","description_kind":"plain","optional":true},"producer_linger_ms":{"type":"string","description":"producer.linger.ms","description_kind":"plain","optional":true},"simpleconsumer_pool_size_max":{"type":"string","description":"simpleconsumer.pool.size.max","description_kind":"plain","optional":true}},"description":"Kafka REST configuration","description_kind":"plain"},"max_items":1},"private_access":{"nesting_mode":"list","block":{"attributes":{"prometheus":{"type":"string","description":"Allow clients to connect to prometheus with a DNS name that always resolves to the service's private IP addresses. Only available in certain network locations","description_kind":"plain","optional":true}},"description":"Allow access to selected service ports from private networks","description_kind":"plain"},"max_items":1},"public_access":{"nesting_mode":"list","block":{"attributes":{"kafka":{"type":"string","description":"Allow clients to connect to kafka from the public internet for service nodes that are in a project VPC or another type of private network","description_kind":"plain","optional":true},"kafka_connect":{"type":"string","description":"Allow clients to connect to kafka_connect from the public internet for service nodes that are in a project VPC or another type of private network","description_kind":"plain","optional":true},"kafka_rest":{"type":"string","description":"Allow clients to connect to kafka_rest from the public internet for service nodes that are in a project VPC or another type of private network","description_kind":"plain","optional":true},"prometheus":{"type":"string","description":"Allow clients to connect to prometheus from the public internet for service nodes that are in a project VPC or another type of private network","description_kind":"plain","optional":true},"schema_registry":{"type":"string","description":"Allow clients to connect to schema_registry from the public internet for service nodes that are in a project VPC or another type of private network","description_kind":"plain","optional":true}},"description":"Allow access to selected service ports from the public Internet","description_kind":"plain"},"max_items":1}},"description":"Kafka user configurable settings","description_kind":"plain"},"max_items":1},"service_integrations":{"nesting_mode":"list","block":{"attributes":{"integration_type":{"type":"string","description":"Type of the service integration. The only supported value at the moment is 'read_replica'","description_kind":"plain","required":true},"source_service_name":{"type":"string","description":"Name of the source service","description_kind":"plain","required":true}},"description":"Service integrations to specify when creating a service. Not applied after initial service creation","description_kind":"plain"}},"timeouts":{"nesting_mode":"single","block":{"attributes":{"create":{"type":"string","description_kind":"plain","optional":true},"update":{"type":"string","description_kind":"plain","optional":true}},"description_kind":"plain"}}},"description_kind":"plain"}},"aiven_kafka_acl":{"version":0,"block":{"attributes":{"id":{"type":"string","description_kind":"plain","optional":true,"computed":true},"permission":{"type":"string","description":"Kafka permission to grant (admin, read, readwrite, write)","description_kind":"plain","required":true},"project":{"type":"string","description":"Project to link the Kafka ACL to","description_kind":"plain","required":true},"service_name":{"type":"string","description":"Service to link the Kafka ACL to","description_kind":"plain","required":true},"topic":{"type":"string","description":"Topic name pattern for the ACL entry","description_kind":"plain","required":true},"username":{"type":"string","description":"Username pattern for the ACL entry","description_kind":"plain","required":true}},"description_kind":"plain"}},"aiven_kafka_connect":{"version":0,"block":{"attributes":{"cloud_name":{"type":"string","description":"Cloud the service runs in","description_kind":"plain","optional":true},"components":{"type":["list",["object",{"component":"string","host":"string","kafka_authentication_method":"string","port":"number","route":"string","ssl":"bool","usage":"string"}]],"description":"Service component information objects","description_kind":"plain","computed":true},"id":{"type":"string","description_kind":"plain","optional":true,"computed":true},"maintenance_window_dow":{"type":"string","description":"Day of week when maintenance operations should be performed. One monday, tuesday, wednesday, etc.","description_kind":"plain","optional":true},"maintenance_window_time":{"type":"string","description":"Time of day when maintenance operations should be performed. UTC time in HH:mm:ss format.","description_kind":"plain","optional":true},"plan":{"type":"string","description":"Subscription plan","description_kind":"plain","optional":true},"project":{"type":"string","description":"Target project","description_kind":"plain","required":true},"project_vpc_id":{"type":"string","description":"Identifier of the VPC the service should be in, if any","description_kind":"plain","optional":true},"service_host":{"type":"string","description":"Service hostname","description_kind":"plain","computed":true},"service_name":{"type":"string","description":"Service name","description_kind":"plain","required":true},"service_password":{"type":"string","description":"Password used for connecting to the service, if applicable","description_kind":"plain","computed":true,"sensitive":true},"service_port":{"type":"number","description":"Service port","description_kind":"plain","computed":true},"service_type":{"type":"string","description":"Aiven internal service type code","description_kind":"plain","computed":true},"service_uri":{"type":"string","description":"URI for connecting to the service. Service specific info is under \"kafka\", \"pg\", etc.","description_kind":"plain","computed":true,"sensitive":true},"service_username":{"type":"string","description":"Username used for connecting to the service, if applicable","description_kind":"plain","computed":true},"state":{"type":"string","description":"Service state","description_kind":"plain","computed":true},"termination_protection":{"type":"bool","description":"Prevent service from being deleted. It is recommended to have this enabled for all services.","description_kind":"plain","optional":true}},"block_types":{"kafka_connect":{"nesting_mode":"list","block":{"description":"Kafka Connect server provided values","description_kind":"plain"},"max_items":1},"kafka_connect_user_config":{"nesting_mode":"list","block":{"attributes":{"ip_filter":{"type":["list","string"],"description":"IP filter","description_kind":"plain","optional":true}},"block_types":{"kafka_connect":{"nesting_mode":"list","block":{"attributes":{"connector_client_config_override_policy":{"type":"string","description":"Client config override policy","description_kind":"plain","optional":true},"consumer_auto_offset_reset":{"type":"string","description":"Consumer auto offset reset","description_kind":"plain","optional":true},"consumer_isolation_level":{"type":"string","description":"Consumer isolation level","description_kind":"plain","optional":true},"consumer_max_poll_interval_ms":{"type":"string","description":"The maximum delay between polls when using consumer group management","description_kind":"plain","optional":true},"consumer_max_poll_records":{"type":"string","description":"The maximum number of records returned by a single poll","description_kind":"plain","optional":true},"offset_flush_interval_ms":{"type":"string","description":"The interval at which to try committing offsets for tasks","description_kind":"plain","optional":true},"offset_flush_timeout_ms":{"type":"string","description":"Offset flush timeout","description_kind":"plain","optional":true},"session_timeout_ms":{"type":"string","description":"The timeout used to detect failures when using Kafka’s group management facilities","description_kind":"plain","optional":true}},"description":"Kafka Connect configuration values","description_kind":"plain"},"max_items":1},"private_access":{"nesting_mode":"list","block":{"attributes":{"kafka_connect":{"type":"string","description":"Allow clients to connect to kafka_connect with a DNS name that always resolves to the service's private IP addresses. Only available in certain network locations","description_kind":"plain","optional":true},"prometheus":{"type":"string","description":"Allow clients to connect to prometheus with a DNS name that always resolves to the service's private IP addresses. Only available in certain network locations","description_kind":"plain","optional":true}},"description":"Allow access to selected service ports from private networks","description_kind":"plain"},"max_items":1},"public_access":{"nesting_mode":"list","block":{"attributes":{"kafka_connect":{"type":"string","description":"Allow clients to connect to kafka_connect from the public internet for service nodes that are in a project VPC or another type of private network","description_kind":"plain","optional":true},"prometheus":{"type":"string","description":"Allow clients to connect to prometheus from the public internet for service nodes that are in a project VPC or another type of private network","description_kind":"plain","optional":true}},"description":"Allow access to selected service ports from the public Internet","description_kind":"plain"},"max_items":1}},"description":"Kafka Connect user configurable settings","description_kind":"plain"},"max_items":1},"service_integrations":{"nesting_mode":"list","block":{"attributes":{"integration_type":{"type":"string","description":"Type of the service integration. The only supported value at the moment is 'read_replica'","description_kind":"plain","required":true},"source_service_name":{"type":"string","description":"Name of the source service","description_kind":"plain","required":true}},"description":"Service integrations to specify when creating a service. Not applied after initial service creation","description_kind":"plain"}},"timeouts":{"nesting_mode":"single","block":{"attributes":{"create":{"type":"string","description_kind":"plain","optional":true},"update":{"type":"string","description_kind":"plain","optional":true}},"description_kind":"plain"}}},"description_kind":"plain"}},"aiven_kafka_connector":{"version":0,"block":{"attributes":{"config":{"type":["map","string"],"description":"Kafka Connector configuration parameters","description_kind":"plain","required":true},"connector_name":{"type":"string","description":"Kafka connector name","description_kind":"plain","required":true},"id":{"type":"string","description_kind":"plain","optional":true,"computed":true},"plugin_author":{"type":"string","description":"Kafka connector author","description_kind":"plain","computed":true},"plugin_class":{"type":"string","description":"Kafka connector Java class","description_kind":"plain","computed":true},"plugin_doc_url":{"type":"string","description":"Kafka connector documentation URL","description_kind":"plain","computed":true},"plugin_title":{"type":"string","description":"Kafka connector title","description_kind":"plain","computed":true},"plugin_type":{"type":"string","description":"Kafka connector type","description_kind":"plain","computed":true},"plugin_version":{"type":"string","description":"Kafka connector version","description_kind":"plain","computed":true},"project":{"type":"string","description":"Project to link the kafka connector to","description_kind":"plain","required":true},"service_name":{"type":"string","description":"Service to link the kafka connector to","description_kind":"plain","required":true},"task":{"type":["set",["object",{"connector":"string","task":"number"}]],"description":"List of tasks of a connector","description_kind":"plain","computed":true}},"description_kind":"plain"}},"aiven_kafka_mirrormaker":{"version":0,"block":{"attributes":{"cloud_name":{"type":"string","description":"Cloud the service runs in","description_kind":"plain","optional":true},"components":{"type":["list",["object",{"component":"string","host":"string","kafka_authentication_method":"string","port":"number","route":"string","ssl":"bool","usage":"string"}]],"description":"Service component information objects","description_kind":"plain","computed":true},"id":{"type":"string","description_kind":"plain","optional":true,"computed":true},"maintenance_window_dow":{"type":"string","description":"Day of week when maintenance operations should be performed. One monday, tuesday, wednesday, etc.","description_kind":"plain","optional":true},"maintenance_window_time":{"type":"string","description":"Time of day when maintenance operations should be performed. UTC time in HH:mm:ss format.","description_kind":"plain","optional":true},"plan":{"type":"string","description":"Subscription plan","description_kind":"plain","optional":true},"project":{"type":"string","description":"Target project","description_kind":"plain","required":true},"project_vpc_id":{"type":"string","description":"Identifier of the VPC the service should be in, if any","description_kind":"plain","optional":true},"service_host":{"type":"string","description":"Service hostname","description_kind":"plain","computed":true},"service_name":{"type":"string","description":"Service name","description_kind":"plain","required":true},"service_password":{"type":"string","description":"Password used for connecting to the service, if applicable","description_kind":"plain","computed":true,"sensitive":true},"service_port":{"type":"number","description":"Service port","description_kind":"plain","computed":true},"service_type":{"type":"string","description":"Aiven internal service type code","description_kind":"plain","computed":true},"service_uri":{"type":"string","description":"URI for connecting to the service. Service specific info is under \"kafka\", \"pg\", etc.","description_kind":"plain","computed":true,"sensitive":true},"service_username":{"type":"string","description":"Username used for connecting to the service, if applicable","description_kind":"plain","computed":true},"state":{"type":"string","description":"Service state","description_kind":"plain","computed":true},"termination_protection":{"type":"bool","description":"Prevent service from being deleted. It is recommended to have this enabled for all services.","description_kind":"plain","optional":true}},"block_types":{"kafka_mirrormaker":{"nesting_mode":"list","block":{"description":"Kafka MirrorMaker 2 server provided values","description_kind":"plain"},"max_items":1},"kafka_mirrormaker_user_config":{"nesting_mode":"list","block":{"attributes":{"ip_filter":{"type":["list","string"],"description":"IP filter","description_kind":"plain","optional":true}},"block_types":{"kafka_mirrormaker":{"nesting_mode":"list","block":{"attributes":{"refresh_groups_enabled":{"type":"string","description":"Refresh consumer groups","description_kind":"plain","optional":true},"refresh_groups_interval_seconds":{"type":"string","description":"Frequency of group refresh","description_kind":"plain","optional":true},"refresh_topics_enabled":{"type":"string","description":"Refresh topics and partitions","description_kind":"plain","optional":true},"refresh_topics_interval_seconds":{"type":"string","description":"Frequency of topic and partitions refresh","description_kind":"plain","optional":true}},"description":"Kafka MirrorMaker configuration values","description_kind":"plain"},"max_items":1}},"description":"Kafka MirrorMaker 2 specific user configurable settings","description_kind":"plain"},"max_items":1},"service_integrations":{"nesting_mode":"list","block":{"attributes":{"integration_type":{"type":"string","description":"Type of the service integration. The only supported value at the moment is 'read_replica'","description_kind":"plain","required":true},"source_service_name":{"type":"string","description":"Name of the source service","description_kind":"plain","required":true}},"description":"Service integrations to specify when creating a service. Not applied after initial service creation","description_kind":"plain"}},"timeouts":{"nesting_mode":"single","block":{"attributes":{"create":{"type":"string","description_kind":"plain","optional":true},"update":{"type":"string","description_kind":"plain","optional":true}},"description_kind":"plain"}}},"description_kind":"plain"}},"aiven_kafka_schema":{"version":0,"block":{"attributes":{"id":{"type":"string","description_kind":"plain","optional":true,"computed":true},"project":{"type":"string","description":"Project to link the Kafka Schema to","description_kind":"plain","required":true},"schema":{"type":"string","description":"Kafka Schema configuration should be a valid Avro Schema JSON format","description_kind":"plain","required":true},"service_name":{"type":"string","description":"Service to link the Kafka Schema to","description_kind":"plain","required":true},"subject_name":{"type":"string","description":"Kafka Schema Subject name","description_kind":"plain","required":true},"version":{"type":"number","description":"Kafka Schema configuration version","description_kind":"plain","computed":true}},"description_kind":"plain"}},"aiven_kafka_schema_configuration":{"version":0,"block":{"attributes":{"compatibility_level":{"type":"string","description":"Kafka Schemas compatibility level","description_kind":"plain","required":true},"id":{"type":"string","description_kind":"plain","optional":true,"computed":true},"project":{"type":"string","description":"Project to link the Kafka Schemas Configuration to","description_kind":"plain","required":true},"service_name":{"type":"string","description":"Service to link the Kafka Schemas Configuration to","description_kind":"plain","required":true}},"description_kind":"plain"}},"aiven_kafka_topic":{"version":0,"block":{"attributes":{"cleanup_policy":{"type":"string","description":"Topic cleanup policy. Allowed values: delete, compact","description_kind":"plain","optional":true},"id":{"type":"string","description_kind":"plain","optional":true,"computed":true},"minimum_in_sync_replicas":{"type":"number","description":"Minimum required nodes in-sync replicas (ISR) to produce to a partition","description_kind":"plain","optional":true},"partitions":{"type":"number","description":"Number of partitions to create in the topic","description_kind":"plain","required":true},"project":{"type":"string","description":"Project to link the kafka topic to","description_kind":"plain","required":true},"replication":{"type":"number","description":"Replication factor for the topic","description_kind":"plain","required":true},"retention_bytes":{"type":"number","description":"Retention bytes","description_kind":"plain","optional":true},"retention_hours":{"type":"number","description":"Retention period (hours)","description_kind":"plain","optional":true},"service_name":{"type":"string","description":"Service to link the kafka topic to","description_kind":"plain","required":true},"termination_protection":{"type":"bool","description":"It is a Terraform client-side deletion protection, which prevents a Kafka \n\t\t\ttopic from being deleted. It is recommended to enable this for any production Kafka \n\t\t\ttopic containing critical data.","description_kind":"plain","optional":true},"topic_name":{"type":"string","description":"Topic name","description_kind":"plain","required":true}},"block_types":{"timeouts":{"nesting_mode":"single","block":{"attributes":{"create":{"type":"string","description_kind":"plain","optional":true},"read":{"type":"string","description_kind":"plain","optional":true}},"description_kind":"plain"}}},"description_kind":"plain"}},"aiven_mirrormaker_replication_flow":{"version":0,"block":{"attributes":{"enable":{"type":"bool","description":"Enable of disable replication flows for a service","description_kind":"plain","required":true},"id":{"type":"string","description_kind":"plain","optional":true,"computed":true},"project":{"type":"string","description":"Project to link the kafka topic to","description_kind":"plain","required":true},"service_name":{"type":"string","description":"Service to link the kafka topic to","description_kind":"plain","required":true},"source_cluster":{"type":"string","description":"Source cluster alias","description_kind":"plain","required":true},"target_cluster":{"type":"string","description":"Target cluster alias","description_kind":"plain","required":true},"topics":{"type":["list","string"],"description":"List of topics and/or regular expressions to replicate","description_kind":"plain","optional":true},"topics_blacklist":{"type":["list","string"],"description":"List of topics and/or regular expressions to not replicate.","description_kind":"plain","optional":true}},"description_kind":"plain"}},"aiven_mysql":{"version":0,"block":{"attributes":{"cloud_name":{"type":"string","description":"Cloud the service runs in","description_kind":"plain","optional":true},"components":{"type":["list",["object",{"component":"string","host":"string","kafka_authentication_method":"string","port":"number","route":"string","ssl":"bool","usage":"string"}]],"description":"Service component information objects","description_kind":"plain","computed":true},"id":{"type":"string","description_kind":"plain","optional":true,"computed":true},"maintenance_window_dow":{"type":"string","description":"Day of week when maintenance operations should be performed. One monday, tuesday, wednesday, etc.","description_kind":"plain","optional":true},"maintenance_window_time":{"type":"string","description":"Time of day when maintenance operations should be performed. UTC time in HH:mm:ss format.","description_kind":"plain","optional":true},"plan":{"type":"string","description":"Subscription plan","description_kind":"plain","optional":true},"project":{"type":"string","description":"Target project","description_kind":"plain","required":true},"project_vpc_id":{"type":"string","description":"Identifier of the VPC the service should be in, if any","description_kind":"plain","optional":true},"service_host":{"type":"string","description":"Service hostname","description_kind":"plain","computed":true},"service_name":{"type":"string","description":"Service name","description_kind":"plain","required":true},"service_password":{"type":"string","description":"Password used for connecting to the service, if applicable","description_kind":"plain","computed":true,"sensitive":true},"service_port":{"type":"number","description":"Service port","description_kind":"plain","computed":true},"service_type":{"type":"string","description":"Aiven internal service type code","description_kind":"plain","computed":true},"service_uri":{"type":"string","description":"URI for connecting to the service. Service specific info is under \"kafka\", \"pg\", etc.","description_kind":"plain","computed":true,"sensitive":true},"service_username":{"type":"string","description":"Username used for connecting to the service, if applicable","description_kind":"plain","computed":true},"state":{"type":"string","description":"Service state","description_kind":"plain","computed":true},"termination_protection":{"type":"bool","description":"Prevent service from being deleted. It is recommended to have this enabled for all services.","description_kind":"plain","optional":true}},"block_types":{"mysql":{"nesting_mode":"list","block":{"description":"MySQL specific server provided values","description_kind":"plain"},"max_items":1},"mysql_user_config":{"nesting_mode":"list","block":{"attributes":{"admin_password":{"type":"string","description":"Custom password for admin user. Defaults to random string. This must be set only when a new service is being created.","description_kind":"plain","optional":true,"sensitive":true},"admin_username":{"type":"string","description":"Custom username for admin user. This must be set only when a new service is being created.","description_kind":"plain","optional":true},"backup_hour":{"type":"string","description":"The hour of day (in UTC) when backup for the service is started. New backup is only started if previous backup has already completed.","description_kind":"plain","optional":true},"backup_minute":{"type":"string","description":"The minute of an hour when backup for the service is started. New backup is only started if previous backup has already completed.","description_kind":"plain","optional":true},"ip_filter":{"type":["list","string"],"description":"IP filter","description_kind":"plain","optional":true},"mysql_version":{"type":"string","description":"MySQL major version","description_kind":"plain","optional":true},"recovery_target_time":{"type":"string","description":"Recovery target time when forking a service. This has effect only when a new service is being created.","description_kind":"plain","optional":true},"service_to_fork_from":{"type":"string","description":"Name of another service to fork from. This has effect only when a new service is being created.","description_kind":"plain","optional":true}},"block_types":{"mysql":{"nesting_mode":"list","block":{"attributes":{"connect_timeout":{"type":"string","description":"connect_timeout","description_kind":"plain","optional":true},"default_time_zone":{"type":"string","description":"default_time_zone","description_kind":"plain","optional":true},"group_concat_max_len":{"type":"string","description":"group_concat_max_len","description_kind":"plain","optional":true},"information_schema_stats_expiry":{"type":"string","description":"information_schema_stats_expiry","description_kind":"plain","optional":true},"innodb_ft_min_token_size":{"type":"string","description":"innodb_ft_min_token_size","description_kind":"plain","optional":true},"innodb_ft_server_stopword_table":{"type":"string","description":"innodb_ft_server_stopword_table","description_kind":"plain","optional":true},"innodb_lock_wait_timeout":{"type":"string","description":"innodb_lock_wait_timeout","description_kind":"plain","optional":true},"innodb_log_buffer_size":{"type":"string","description":"innodb_log_buffer_size","description_kind":"plain","optional":true},"innodb_online_alter_log_max_size":{"type":"string","description":"innodb_online_alter_log_max_size","description_kind":"plain","optional":true},"innodb_print_all_deadlocks":{"type":"string","description":"innodb_print_all_deadlocks","description_kind":"plain","optional":true},"innodb_rollback_on_timeout":{"type":"string","description":"innodb_rollback_on_timeout","description_kind":"plain","optional":true},"interactive_timeout":{"type":"string","description":"interactive_timeout","description_kind":"plain","optional":true},"max_allowed_packet":{"type":"string","description":"max_allowed_packet","description_kind":"plain","optional":true},"max_heap_table_size":{"type":"string","description":"max_heap_table_size","description_kind":"plain","optional":true},"net_read_timeout":{"type":"string","description":"net_read_timeout","description_kind":"plain","optional":true},"net_write_timeout":{"type":"string","description":"net_write_timeout","description_kind":"plain","optional":true},"sort_buffer_size":{"type":"string","description":"sort_buffer_size","description_kind":"plain","optional":true},"sql_mode":{"type":"string","description":"sql_mode","description_kind":"plain","optional":true},"sql_require_primary_key":{"type":"string","description":"sql_require_primary_key","description_kind":"plain","optional":true},"tmp_table_size":{"type":"string","description":"tmp_table_size","description_kind":"plain","optional":true},"wait_timeout":{"type":"string","description":"wait_timeout","description_kind":"plain","optional":true}},"description":"mysql.conf configuration values","description_kind":"plain"},"max_items":1},"private_access":{"nesting_mode":"list","block":{"attributes":{"mysql":{"type":"string","description":"Allow clients to connect to mysql with a DNS name that always resolves to the service's private IP addresses. Only available in certain network locations","description_kind":"plain","optional":true},"prometheus":{"type":"string","description":"Allow clients to connect to prometheus with a DNS name that always resolves to the service's private IP addresses. Only available in certain network locations","description_kind":"plain","optional":true}},"description":"Allow access to selected service ports from private networks","description_kind":"plain"},"max_items":1},"public_access":{"nesting_mode":"list","block":{"attributes":{"mysql":{"type":"string","description":"Allow clients to connect to mysql from the public internet for service nodes that are in a project VPC or another type of private network","description_kind":"plain","optional":true},"prometheus":{"type":"string","description":"Allow clients to connect to prometheus from the public internet for service nodes that are in a project VPC or another type of private network","description_kind":"plain","optional":true}},"description":"Allow access to selected service ports from the public Internet","description_kind":"plain"},"max_items":1}},"description":"MySQL specific user configurable settings","description_kind":"plain"},"max_items":1},"service_integrations":{"nesting_mode":"list","block":{"attributes":{"integration_type":{"type":"string","description":"Type of the service integration. The only supported value at the moment is 'read_replica'","description_kind":"plain","required":true},"source_service_name":{"type":"string","description":"Name of the source service","description_kind":"plain","required":true}},"description":"Service integrations to specify when creating a service. Not applied after initial service creation","description_kind":"plain"}},"timeouts":{"nesting_mode":"single","block":{"attributes":{"create":{"type":"string","description_kind":"plain","optional":true},"update":{"type":"string","description_kind":"plain","optional":true}},"description_kind":"plain"}}},"description_kind":"plain"}},"aiven_pg":{"version":0,"block":{"attributes":{"cloud_name":{"type":"string","description":"Cloud the service runs in","description_kind":"plain","optional":true},"components":{"type":["list",["object",{"component":"string","host":"string","kafka_authentication_method":"string","port":"number","route":"string","ssl":"bool","usage":"string"}]],"description":"Service component information objects","description_kind":"plain","computed":true},"id":{"type":"string","description_kind":"plain","optional":true,"computed":true},"maintenance_window_dow":{"type":"string","description":"Day of week when maintenance operations should be performed. One monday, tuesday, wednesday, etc.","description_kind":"plain","optional":true},"maintenance_window_time":{"type":"string","description":"Time of day when maintenance operations should be performed. UTC time in HH:mm:ss format.","description_kind":"plain","optional":true},"plan":{"type":"string","description":"Subscription plan","description_kind":"plain","optional":true},"project":{"type":"string","description":"Target project","description_kind":"plain","required":true},"project_vpc_id":{"type":"string","description":"Identifier of the VPC the service should be in, if any","description_kind":"plain","optional":true},"service_host":{"type":"string","description":"Service hostname","description_kind":"plain","computed":true},"service_name":{"type":"string","description":"Service name","description_kind":"plain","required":true},"service_password":{"type":"string","description":"Password used for connecting to the service, if applicable","description_kind":"plain","computed":true,"sensitive":true},"service_port":{"type":"number","description":"Service port","description_kind":"plain","computed":true},"service_type":{"type":"string","description":"Aiven internal service type code","description_kind":"plain","computed":true},"service_uri":{"type":"string","description":"URI for connecting to the service. Service specific info is under \"kafka\", \"pg\", etc.","description_kind":"plain","computed":true,"sensitive":true},"service_username":{"type":"string","description":"Username used for connecting to the service, if applicable","description_kind":"plain","computed":true},"state":{"type":"string","description":"Service state","description_kind":"plain","computed":true},"termination_protection":{"type":"bool","description":"Prevent service from being deleted. It is recommended to have this enabled for all services.","description_kind":"plain","optional":true}},"block_types":{"pg":{"nesting_mode":"list","block":{"attributes":{"dbname":{"type":"string","description":"Primary PostgreSQL database name","description_kind":"plain","computed":true},"host":{"type":"string","description":"PostgreSQL master node host IP or name","description_kind":"plain","computed":true},"password":{"type":"string","description":"PostgreSQL admin user password","description_kind":"plain","computed":true,"sensitive":true},"port":{"type":"number","description":"PostgreSQL port","description_kind":"plain","computed":true},"replica_uri":{"type":"string","description":"PostgreSQL replica URI for services with a replica","description_kind":"plain","computed":true,"sensitive":true},"sslmode":{"type":"string","description":"PostgreSQL sslmode setting (currently always \"require\")","description_kind":"plain","computed":true},"uri":{"type":"string","description":"PostgreSQL master connection URI","description_kind":"plain","optional":true,"computed":true,"sensitive":true},"user":{"type":"string","description":"PostgreSQL admin user name","description_kind":"plain","computed":true}},"description":"PostgreSQL specific server provided values","description_kind":"plain"},"max_items":1},"pg_user_config":{"nesting_mode":"list","block":{"attributes":{"admin_password":{"type":"string","description":"Custom password for admin user. Defaults to random string. This must be set only when a new service is being created.","description_kind":"plain","optional":true,"sensitive":true},"admin_username":{"type":"string","description":"Custom username for admin user. This must be set only when a new service is being created.","description_kind":"plain","optional":true},"backup_hour":{"type":"string","description":"The hour of day (in UTC) when backup for the service is started. New backup is only started if previous backup has already completed.","description_kind":"plain","optional":true},"backup_minute":{"type":"string","description":"The minute of an hour when backup for the service is started. New backup is only started if previous backup has already completed.","description_kind":"plain","optional":true},"ip_filter":{"type":["list","string"],"description":"IP filter","description_kind":"plain","optional":true},"pg_read_replica":{"type":"string","description":"Should the service which is being forked be a read replica","description_kind":"plain","optional":true},"pg_service_to_fork_from":{"type":"string","description":"Name of the PG Service from which to fork (deprecated, use service_to_fork_from). This has effect only when a new service is being created.","description_kind":"plain","optional":true},"pg_version":{"type":"string","description":"PostgreSQL major version","description_kind":"plain","optional":true},"recovery_target_time":{"type":"string","description":"Recovery target time when forking a service. This has effect only when a new service is being created.","description_kind":"plain","optional":true},"service_to_fork_from":{"type":"string","description":"Name of another service to fork from. This has effect only when a new service is being created.","description_kind":"plain","optional":true},"shared_buffers_percentage":{"type":"string","description":"shared_buffers_percentage","description_kind":"plain","optional":true},"synchronous_replication":{"type":"string","description":"Synchronous replication type. Note that the service plan also needs to support synchronous replication.","description_kind":"plain","optional":true},"variant":{"type":"string","description":"Variant of the PostgreSQL service, may affect the features that are exposed by default","description_kind":"plain","optional":true},"work_mem":{"type":"string","description":"work_mem","description_kind":"plain","optional":true}},"block_types":{"pg":{"nesting_mode":"list","block":{"attributes":{"autovacuum_analyze_scale_factor":{"type":"string","description":"autovacuum_analyze_scale_factor","description_kind":"plain","optional":true},"autovacuum_analyze_threshold":{"type":"string","description":"autovacuum_analyze_threshold","description_kind":"plain","optional":true},"autovacuum_freeze_max_age":{"type":"string","description":"autovacuum_freeze_max_age","description_kind":"plain","optional":true},"autovacuum_max_workers":{"type":"string","description":"autovacuum_max_workers","description_kind":"plain","optional":true},"autovacuum_naptime":{"type":"string","description":"autovacuum_naptime","description_kind":"plain","optional":true},"autovacuum_vacuum_cost_delay":{"type":"string","description":"autovacuum_vacuum_cost_delay","description_kind":"plain","optional":true},"autovacuum_vacuum_cost_limit":{"type":"string","description":"autovacuum_vacuum_cost_limit","description_kind":"plain","optional":true},"autovacuum_vacuum_scale_factor":{"type":"string","description":"autovacuum_vacuum_scale_factor","description_kind":"plain","optional":true},"autovacuum_vacuum_threshold":{"type":"string","description":"autovacuum_vacuum_threshold","description_kind":"plain","optional":true},"deadlock_timeout":{"type":"string","description":"deadlock_timeout","description_kind":"plain","optional":true},"idle_in_transaction_session_timeout":{"type":"string","description":"idle_in_transaction_session_timeout","description_kind":"plain","optional":true},"jit":{"type":"string","description":"jit","description_kind":"plain","optional":true},"log_autovacuum_min_duration":{"type":"string","description":"log_autovacuum_min_duration","description_kind":"plain","optional":true},"log_error_verbosity":{"type":"string","description":"log_error_verbosity","description_kind":"plain","optional":true},"log_min_duration_statement":{"type":"string","description":"log_min_duration_statement","description_kind":"plain","optional":true},"max_locks_per_transaction":{"type":"string","description":"max_locks_per_transaction","description_kind":"plain","optional":true},"max_parallel_workers":{"type":"string","description":"max_parallel_workers","description_kind":"plain","optional":true},"max_parallel_workers_per_gather":{"type":"string","description":"max_parallel_workers_per_gather","description_kind":"plain","optional":true},"max_pred_locks_per_transaction":{"type":"string","description":"max_pred_locks_per_transaction","description_kind":"plain","optional":true},"max_prepared_transactions":{"type":"string","description":"max_prepared_transactions","description_kind":"plain","optional":true},"max_stack_depth":{"type":"string","description":"max_stack_depth","description_kind":"plain","optional":true},"max_standby_archive_delay":{"type":"string","description":"max_standby_archive_delay","description_kind":"plain","optional":true},"max_standby_streaming_delay":{"type":"string","description":"max_standby_streaming_delay","description_kind":"plain","optional":true},"max_worker_processes":{"type":"string","description":"max_worker_processes","description_kind":"plain","optional":true},"pg_stat_statements__dot__track":{"type":"string","description":"pg_stat_statements.track","description_kind":"plain","optional":true},"temp_file_limit":{"type":"string","description":"temp_file_limit","description_kind":"plain","optional":true},"timezone":{"type":"string","description":"timezone","description_kind":"plain","optional":true},"track_activity_query_size":{"type":"string","description":"track_activity_query_size","description_kind":"plain","optional":true},"track_commit_timestamp":{"type":"string","description":"track_commit_timestamp","description_kind":"plain","optional":true},"track_functions":{"type":"string","description":"track_functions","description_kind":"plain","optional":true},"wal_sender_timeout":{"type":"string","description":"wal_sender_timeout","description_kind":"plain","optional":true},"wal_writer_delay":{"type":"string","description":"wal_writer_delay","description_kind":"plain","optional":true}},"description":"postgresql.conf configuration values","description_kind":"plain"},"max_items":1},"pgbouncer":{"nesting_mode":"list","block":{"attributes":{"ignore_startup_parameters":{"type":["list","string"],"description":"List of parameters to ignore when given in startup packet","description_kind":"plain","optional":true},"server_reset_query_always":{"type":"string","description":"Run server_reset_query (DISCARD ALL) in all pooling modes","description_kind":"plain","optional":true}},"description":"PGBouncer connection pooling settings","description_kind":"plain"},"max_items":1},"pglookout":{"nesting_mode":"list","block":{"attributes":{"max_failover_replication_time_lag":{"type":"string","description":"max_failover_replication_time_lag","description_kind":"plain","optional":true}},"description":"PGLookout settings","description_kind":"plain"},"max_items":1},"private_access":{"nesting_mode":"list","block":{"attributes":{"pg":{"type":"string","description":"Allow clients to connect to pg with a DNS name that always resolves to the service's private IP addresses. Only available in certain network locations","description_kind":"plain","optional":true},"pgbouncer":{"type":"string","description":"Allow clients to connect to pgbouncer with a DNS name that always resolves to the service's private IP addresses. Only available in certain network locations","description_kind":"plain","optional":true},"prometheus":{"type":"string","description":"Allow clients to connect to prometheus with a DNS name that always resolves to the service's private IP addresses. Only available in certain network locations","description_kind":"plain","optional":true}},"description":"Allow access to selected service ports from private networks","description_kind":"plain"},"max_items":1},"public_access":{"nesting_mode":"list","block":{"attributes":{"pg":{"type":"string","description":"Allow clients to connect to pg from the public internet for service nodes that are in a project VPC or another type of private network","description_kind":"plain","optional":true},"pgbouncer":{"type":"string","description":"Allow clients to connect to pgbouncer from the public internet for service nodes that are in a project VPC or another type of private network","description_kind":"plain","optional":true},"prometheus":{"type":"string","description":"Allow clients to connect to prometheus from the public internet for service nodes that are in a project VPC or another type of private network","description_kind":"plain","optional":true}},"description":"Allow access to selected service ports from the public Internet","description_kind":"plain"},"max_items":1},"timescaledb":{"nesting_mode":"list","block":{"attributes":{"max_background_workers":{"type":"string","description":"timescaledb.max_background_workers","description_kind":"plain","optional":true}},"description":"TimescaleDB extension configuration values","description_kind":"plain"},"max_items":1}},"description":"PostgreSQL specific user configurable settings","description_kind":"plain"},"max_items":1},"service_integrations":{"nesting_mode":"list","block":{"attributes":{"integration_type":{"type":"string","description":"Type of the service integration. The only supported value at the moment is 'read_replica'","description_kind":"plain","required":true},"source_service_name":{"type":"string","description":"Name of the source service","description_kind":"plain","required":true}},"description":"Service integrations to specify when creating a service. Not applied after initial service creation","description_kind":"plain"}},"timeouts":{"nesting_mode":"single","block":{"attributes":{"create":{"type":"string","description_kind":"plain","optional":true},"update":{"type":"string","description_kind":"plain","optional":true}},"description_kind":"plain"}}},"description_kind":"plain"}},"aiven_project":{"version":0,"block":{"attributes":{"account_id":{"type":"string","description":"Account ID","description_kind":"plain","optional":true},"billing_address":{"type":"string","description":"Billing name and address of the project","description_kind":"plain","optional":true},"billing_emails":{"type":["set","string"],"description":"Billing contact emails of the project","description_kind":"plain","optional":true},"ca_cert":{"type":"string","description":"Project root CA. This is used by some services like Kafka to sign service certificate","description_kind":"plain","optional":true,"computed":true},"card_id":{"type":"string","description":"Credit card ID","description_kind":"plain","optional":true},"copy_from_project":{"type":"string","description":"Copy properties from another project. Only has effect when a new project is created.","description_kind":"plain","optional":true},"country_code":{"type":"string","description":"Billing country code of the project","description_kind":"plain","optional":true},"id":{"type":"string","description_kind":"plain","optional":true,"computed":true},"project":{"type":"string","description":"Project name","description_kind":"plain","required":true},"technical_emails":{"type":["set","string"],"description":"Technical contact emails of the project","description_kind":"plain","optional":true}},"description_kind":"plain"}},"aiven_project_user":{"version":0,"block":{"attributes":{"accepted":{"type":"bool","description":"Whether the user has accepted project membership or not","description_kind":"plain","computed":true},"email":{"type":"string","description":"Email address of the user","description_kind":"plain","required":true},"id":{"type":"string","description_kind":"plain","optional":true,"computed":true},"member_type":{"type":"string","description":"Project membership type. One of: admin, developer, operator","description_kind":"plain","required":true},"project":{"type":"string","description":"The project the user belongs to","description_kind":"plain","required":true}},"description_kind":"plain"}},"aiven_project_vpc":{"version":0,"block":{"attributes":{"cloud_name":{"type":"string","description":"Cloud the VPC is in","description_kind":"plain","required":true},"id":{"type":"string","description_kind":"plain","optional":true,"computed":true},"network_cidr":{"type":"string","description":"Network address range used by the VPC like 192.168.0.0/24","description_kind":"plain","required":true},"project":{"type":"string","description":"The project the VPC belongs to","description_kind":"plain","required":true},"state":{"type":"string","description":"State of the VPC (APPROVED, ACTIVE, DELETING, DELETED)","description_kind":"plain","computed":true}},"block_types":{"timeouts":{"nesting_mode":"single","block":{"attributes":{"create":{"type":"string","description_kind":"plain","optional":true},"delete":{"type":"string","description_kind":"plain","optional":true}},"description_kind":"plain"}}},"description_kind":"plain"}},"aiven_redis":{"version":0,"block":{"attributes":{"cloud_name":{"type":"string","description":"Cloud the service runs in","description_kind":"plain","optional":true},"components":{"type":["list",["object",{"component":"string","host":"string","kafka_authentication_method":"string","port":"number","route":"string","ssl":"bool","usage":"string"}]],"description":"Service component information objects","description_kind":"plain","computed":true},"id":{"type":"string","description_kind":"plain","optional":true,"computed":true},"maintenance_window_dow":{"type":"string","description":"Day of week when maintenance operations should be performed. One monday, tuesday, wednesday, etc.","description_kind":"plain","optional":true},"maintenance_window_time":{"type":"string","description":"Time of day when maintenance operations should be performed. UTC time in HH:mm:ss format.","description_kind":"plain","optional":true},"plan":{"type":"string","description":"Subscription plan","description_kind":"plain","optional":true},"project":{"type":"string","description":"Target project","description_kind":"plain","required":true},"project_vpc_id":{"type":"string","description":"Identifier of the VPC the service should be in, if any","description_kind":"plain","optional":true},"service_host":{"type":"string","description":"Service hostname","description_kind":"plain","computed":true},"service_name":{"type":"string","description":"Service name","description_kind":"plain","required":true},"service_password":{"type":"string","description":"Password used for connecting to the service, if applicable","description_kind":"plain","computed":true,"sensitive":true},"service_port":{"type":"number","description":"Service port","description_kind":"plain","computed":true},"service_type":{"type":"string","description":"Aiven internal service type code","description_kind":"plain","computed":true},"service_uri":{"type":"string","description":"URI for connecting to the service. Service specific info is under \"kafka\", \"pg\", etc.","description_kind":"plain","computed":true,"sensitive":true},"service_username":{"type":"string","description":"Username used for connecting to the service, if applicable","description_kind":"plain","computed":true},"state":{"type":"string","description":"Service state","description_kind":"plain","computed":true},"termination_protection":{"type":"bool","description":"Prevent service from being deleted. It is recommended to have this enabled for all services.","description_kind":"plain","optional":true}},"block_types":{"redis":{"nesting_mode":"list","block":{"description":"Redis server provided values","description_kind":"plain"},"max_items":1},"redis_user_config":{"nesting_mode":"list","block":{"attributes":{"ip_filter":{"type":["list","string"],"description":"IP filter","description_kind":"plain","optional":true},"redis_lfu_decay_time":{"type":"string","description":"LFU maxmemory-policy counter decay time in minutes","description_kind":"plain","optional":true},"redis_lfu_log_factor":{"type":"string","description":"Counter logarithm factor for volatile-lfu and allkeys-lfu maxmemory-policies","description_kind":"plain","optional":true},"redis_maxmemory_policy":{"type":"string","description":"Redis maxmemory-policy","description_kind":"plain","optional":true},"redis_notify_keyspace_events":{"type":"string","description":"Set notify-keyspace-events option","description_kind":"plain","optional":true},"redis_ssl":{"type":"string","description":"Require SSL to access Redis","description_kind":"plain","optional":true},"redis_timeout":{"type":"string","description":"Redis idle connection timeout","description_kind":"plain","optional":true}},"block_types":{"migration":{"nesting_mode":"list","block":{"attributes":{"host":{"type":"string","description":"Hostname or IP address of the server where to migrate data from","description_kind":"plain","optional":true},"password":{"type":"string","description":"Password for authentication with the server where to migrate data from","description_kind":"plain","optional":true,"sensitive":true},"port":{"type":"string","description":"Port number of the server where to migrate data from","description_kind":"plain","optional":true},"ssl":{"type":"string","description":"The server where to migrate data from is secured with SSL","description_kind":"plain","optional":true},"username":{"type":"string","description":"User name for authentication with the server where to migrate data from","description_kind":"plain","optional":true}},"description":"Migrate data from existing server","description_kind":"plain"},"max_items":1},"private_access":{"nesting_mode":"list","block":{"attributes":{"prometheus":{"type":"string","description":"Allow clients to connect to prometheus with a DNS name that always resolves to the service's private IP addresses. Only available in certain network locations","description_kind":"plain","optional":true},"redis":{"type":"string","description":"Allow clients to connect to redis with a DNS name that always resolves to the service's private IP addresses. Only available in certain network locations","description_kind":"plain","optional":true}},"description":"Allow access to selected service ports from private networks","description_kind":"plain"},"max_items":1},"public_access":{"nesting_mode":"list","block":{"attributes":{"prometheus":{"type":"string","description":"Allow clients to connect to prometheus from the public internet for service nodes that are in a project VPC or another type of private network","description_kind":"plain","optional":true},"redis":{"type":"string","description":"Allow clients to connect to redis from the public internet for service nodes that are in a project VPC or another type of private network","description_kind":"plain","optional":true}},"description":"Allow access to selected service ports from the public Internet","description_kind":"plain"},"max_items":1}},"description":"Redis user configurable settings","description_kind":"plain"},"max_items":1},"service_integrations":{"nesting_mode":"list","block":{"attributes":{"integration_type":{"type":"string","description":"Type of the service integration. The only supported value at the moment is 'read_replica'","description_kind":"plain","required":true},"source_service_name":{"type":"string","description":"Name of the source service","description_kind":"plain","required":true}},"description":"Service integrations to specify when creating a service. Not applied after initial service creation","description_kind":"plain"}},"timeouts":{"nesting_mode":"single","block":{"attributes":{"create":{"type":"string","description_kind":"plain","optional":true},"update":{"type":"string","description_kind":"plain","optional":true}},"description_kind":"plain"}}},"description_kind":"plain"}},"aiven_service":{"version":0,"block":{"attributes":{"cloud_name":{"type":"string","description":"Cloud the service runs in","description_kind":"plain","optional":true},"components":{"type":["list",["object",{"component":"string","host":"string","kafka_authentication_method":"string","port":"number","route":"string","ssl":"bool","usage":"string"}]],"description":"Service component information objects","description_kind":"plain","computed":true},"id":{"type":"string","description_kind":"plain","optional":true,"computed":true},"maintenance_window_dow":{"type":"string","description":"Day of week when maintenance operations should be performed. One monday, tuesday, wednesday, etc.","description_kind":"plain","optional":true},"maintenance_window_time":{"type":"string","description":"Time of day when maintenance operations should be performed. UTC time in HH:mm:ss format.","description_kind":"plain","optional":true},"plan":{"type":"string","description":"Subscription plan","description_kind":"plain","optional":true},"project":{"type":"string","description":"Target project","description_kind":"plain","required":true},"project_vpc_id":{"type":"string","description":"Identifier of the VPC the service should be in, if any","description_kind":"plain","optional":true},"service_host":{"type":"string","description":"Service hostname","description_kind":"plain","computed":true},"service_name":{"type":"string","description":"Service name","description_kind":"plain","required":true},"service_password":{"type":"string","description":"Password used for connecting to the service, if applicable","description_kind":"plain","computed":true,"sensitive":true},"service_port":{"type":"number","description":"Service port","description_kind":"plain","computed":true},"service_type":{"type":"string","description":"Service type code","description_kind":"plain","required":true},"service_uri":{"type":"string","description":"URI for connecting to the service. Service specific info is under \"kafka\", \"pg\", etc.","description_kind":"plain","computed":true,"sensitive":true},"service_username":{"type":"string","description":"Username used for connecting to the service, if applicable","description_kind":"plain","computed":true},"state":{"type":"string","description":"Service state","description_kind":"plain","computed":true},"termination_protection":{"type":"bool","description":"Prevent service from being deleted. It is recommended to have this enabled for all services.","description_kind":"plain","optional":true}},"block_types":{"cassandra":{"nesting_mode":"list","block":{"description":"Cassandra specific server provided values","description_kind":"plain"},"max_items":1},"cassandra_user_config":{"nesting_mode":"list","block":{"attributes":{"ip_filter":{"type":["list","string"],"description":"IP filter","description_kind":"plain","optional":true},"migrate_sstableloader":{"type":"string","description":"Migration mode for the sstableloader utility","description_kind":"plain","optional":true},"service_to_fork_from":{"type":"string","description":"Name of another service to fork from. This has effect only when a new service is being created.","description_kind":"plain","optional":true}},"block_types":{"private_access":{"nesting_mode":"list","block":{"attributes":{"prometheus":{"type":"string","description":"Allow clients to connect to prometheus with a DNS name that always resolves to the service's private IP addresses. Only available in certain network locations","description_kind":"plain","optional":true}},"description":"Allow access to selected service ports from private networks","description_kind":"plain"},"max_items":1},"public_access":{"nesting_mode":"list","block":{"attributes":{"prometheus":{"type":"string","description":"Allow clients to connect to prometheus from the public internet for service nodes that are in a project VPC or another type of private network","description_kind":"plain","optional":true}},"description":"Allow access to selected service ports from the public Internet","description_kind":"plain"},"max_items":1}},"description":"Cassandra specific user configurable settings","description_kind":"plain"},"max_items":1},"elasticsearch":{"nesting_mode":"list","block":{"attributes":{"kibana_uri":{"type":"string","description":"URI for Kibana frontend","description_kind":"plain","computed":true,"sensitive":true}},"description":"Elasticsearch specific server provided values","description_kind":"plain"},"max_items":1},"elasticsearch_user_config":{"nesting_mode":"list","block":{"attributes":{"custom_domain":{"type":"string","description":"Custom domain","description_kind":"plain","optional":true},"disable_replication_factor_adjustment":{"type":"string","description":"Disable replication factor adjustment","description_kind":"plain","optional":true},"elasticsearch_version":{"type":"string","description":"Elasticsearch major version","description_kind":"plain","optional":true},"ip_filter":{"type":["list","string"],"description":"IP filter","description_kind":"plain","optional":true},"max_index_count":{"type":"string","description":"Maximum index count","description_kind":"plain","optional":true},"recovery_basebackup_name":{"type":"string","description":"Name of the basebackup to restore in forked service","description_kind":"plain","optional":true},"service_to_fork_from":{"type":"string","description":"Name of another service to fork from. This has effect only when a new service is being created.","description_kind":"plain","optional":true}},"block_types":{"elasticsearch":{"nesting_mode":"list","block":{"attributes":{"action_auto_create_index_enabled":{"type":"string","description":"action.auto_create_index","description_kind":"plain","optional":true},"action_destructive_requires_name":{"type":"string","description":"Require explicit index names when deleting","description_kind":"plain","optional":true},"http_max_content_length":{"type":"string","description":"http.max_content_length","description_kind":"plain","optional":true},"http_max_header_size":{"type":"string","description":"http.max_header_size","description_kind":"plain","optional":true},"http_max_initial_line_length":{"type":"string","description":"http.max_initial_line_length","description_kind":"plain","optional":true},"indices_fielddata_cache_size":{"type":"string","description":"indices.fielddata.cache.size","description_kind":"plain","optional":true},"indices_memory_index_buffer_size":{"type":"string","description":"indices.memory.index_buffer_size","description_kind":"plain","optional":true},"indices_queries_cache_size":{"type":"string","description":"indices.queries.cache.size","description_kind":"plain","optional":true},"indices_query_bool_max_clause_count":{"type":"string","description":"indices.query.bool.max_clause_count","description_kind":"plain","optional":true},"reindex_remote_whitelist":{"type":["list","string"],"description":"reindex_remote_whitelist","description_kind":"plain","optional":true},"search_max_buckets":{"type":"string","description":"search.max_buckets","description_kind":"plain","optional":true},"thread_pool_analyze_queue_size":{"type":"string","description":"analyze thread pool queue size","description_kind":"plain","optional":true},"thread_pool_analyze_size":{"type":"string","description":"analyze thread pool size","description_kind":"plain","optional":true},"thread_pool_force_merge_size":{"type":"string","description":"force_merge thread pool size","description_kind":"plain","optional":true},"thread_pool_get_queue_size":{"type":"string","description":"get thread pool queue size","description_kind":"plain","optional":true},"thread_pool_get_size":{"type":"string","description":"get thread pool size","description_kind":"plain","optional":true},"thread_pool_index_queue_size":{"type":"string","description":"index thread pool queue size","description_kind":"plain","optional":true},"thread_pool_index_size":{"type":"string","description":"index thread pool size","description_kind":"plain","optional":true},"thread_pool_search_queue_size":{"type":"string","description":"search thread pool queue size","description_kind":"plain","optional":true},"thread_pool_search_size":{"type":"string","description":"search thread pool size","description_kind":"plain","optional":true},"thread_pool_search_throttled_queue_size":{"type":"string","description":"search_throttled thread pool queue size","description_kind":"plain","optional":true},"thread_pool_search_throttled_size":{"type":"string","description":"search_throttled thread pool size","description_kind":"plain","optional":true},"thread_pool_write_queue_size":{"type":"string","description":"write thread pool queue size","description_kind":"plain","optional":true},"thread_pool_write_size":{"type":"string","description":"write thread pool size","description_kind":"plain","optional":true}},"description":"Elasticsearch settings","description_kind":"plain"},"max_items":1},"index_patterns":{"nesting_mode":"list","block":{"attributes":{"max_index_count":{"type":"string","description":"Maximum number of indexes to keep","description_kind":"plain","optional":true},"pattern":{"type":"string","description":"fnmatch pattern","description_kind":"plain","optional":true}},"description":"Index patterns","description_kind":"plain"},"max_items":512},"kibana":{"nesting_mode":"list","block":{"attributes":{"elasticsearch_request_timeout":{"type":"string","description":"Timeout in milliseconds for requests made by Kibana towards Elasticsearch","description_kind":"plain","optional":true},"enabled":{"type":"string","description":"Enable or disable Kibana","description_kind":"plain","optional":true},"max_old_space_size":{"type":"string","description":"max_old_space_size","description_kind":"plain","optional":true}},"description":"Kibana settings","description_kind":"plain"},"max_items":1},"private_access":{"nesting_mode":"list","block":{"attributes":{"elasticsearch":{"type":"string","description":"Allow clients to connect to elasticsearch with a DNS name that always resolves to the service's private IP addresses. Only available in certain network locations","description_kind":"plain","optional":true},"kibana":{"type":"string","description":"Allow clients to connect to kibana with a DNS name that always resolves to the service's private IP addresses. Only available in certain network locations","description_kind":"plain","optional":true},"prometheus":{"type":"string","description":"Allow clients to connect to prometheus with a DNS name that always resolves to the service's private IP addresses. Only available in certain network locations","description_kind":"plain","optional":true}},"description":"Allow access to selected service ports from private networks","description_kind":"plain"},"max_items":1},"public_access":{"nesting_mode":"list","block":{"attributes":{"elasticsearch":{"type":"string","description":"Allow clients to connect to elasticsearch from the public internet for service nodes that are in a project VPC or another type of private network","description_kind":"plain","optional":true},"kibana":{"type":"string","description":"Allow clients to connect to kibana from the public internet for service nodes that are in a project VPC or another type of private network","description_kind":"plain","optional":true},"prometheus":{"type":"string","description":"Allow clients to connect to prometheus from the public internet for service nodes that are in a project VPC or another type of private network","description_kind":"plain","optional":true}},"description":"Allow access to selected service ports from the public Internet","description_kind":"plain"},"max_items":1}},"description":"Elasticsearch specific user configurable settings","description_kind":"plain"},"max_items":1},"grafana":{"nesting_mode":"list","block":{"description":"Grafana specific server provided values","description_kind":"plain"},"max_items":1},"grafana_user_config":{"nesting_mode":"list","block":{"attributes":{"alerting_enabled":{"type":"string","description":"Enable or disable Grafana alerting functionality","description_kind":"plain","optional":true},"alerting_error_or_timeout":{"type":"string","description":"Default error or timeout setting for new alerting rules","description_kind":"plain","optional":true},"alerting_nodata_or_nullvalues":{"type":"string","description":"Default value for 'no data or null values' for new alerting rules","description_kind":"plain","optional":true},"allow_embedding":{"type":"string","description":"Allow embedding Grafana dashboards with iframe/frame/object/embed tags. Disabled by default to limit impact of clickjacking","description_kind":"plain","optional":true},"auth_basic_enabled":{"type":"string","description":"Enable or disable basic authentication form, used by Grafana built-in login","description_kind":"plain","optional":true},"cookie_samesite":{"type":"string","description":"Cookie SameSite attribute: 'strict' prevents sending cookie for cross-site requests, effectively disabling direct linking from other sites to Grafana. 'lax' is the default value.","description_kind":"plain","optional":true},"custom_domain":{"type":"string","description":"Custom domain","description_kind":"plain","optional":true},"dashboards_versions_to_keep":{"type":"string","description":"Dashboard versions to keep per dashboard","description_kind":"plain","optional":true},"dataproxy_send_user_header":{"type":"string","description":"Send 'X-Grafana-User' header to data source","description_kind":"plain","optional":true},"dataproxy_timeout":{"type":"string","description":"Timeout for data proxy requests in seconds","description_kind":"plain","optional":true},"disable_gravatar":{"type":"string","description":"Set to true to disable gravatar. Defaults to false (gravatar is enabled)","description_kind":"plain","optional":true},"editors_can_admin":{"type":"string","description":"Editors can manage folders, teams and dashboards created by them","description_kind":"plain","optional":true},"google_analytics_ua_id":{"type":"string","description":"Google Analytics Universal Analytics ID for tracking Grafana usage","description_kind":"plain","optional":true},"ip_filter":{"type":["list","string"],"description":"IP filter","description_kind":"plain","optional":true},"metrics_enabled":{"type":"string","description":"Enable Grafana /metrics endpoint","description_kind":"plain","optional":true},"user_auto_assign_org":{"type":"string","description":"Auto-assign new users on signup to main organization. Defaults to false","description_kind":"plain","optional":true},"user_auto_assign_org_role":{"type":"string","description":"Set role for new signups. Defaults to Viewer","description_kind":"plain","optional":true},"viewers_can_edit":{"type":"string","description":"Users with view-only permission can edit but not save dashboards","description_kind":"plain","optional":true}},"block_types":{"auth_generic_oauth":{"nesting_mode":"list","block":{"attributes":{"allow_sign_up":{"type":"string","description":"Automatically sign-up users on successful sign-in","description_kind":"plain","optional":true},"allowed_domains":{"type":["list","string"],"description":"Allowed domains","description_kind":"plain","optional":true},"allowed_organizations":{"type":["list","string"],"description":"Require user to be member of one of the listed organizations","description_kind":"plain","optional":true},"api_url":{"type":"string","description":"API URL","description_kind":"plain","optional":true},"auth_url":{"type":"string","description":"Authorization URL","description_kind":"plain","optional":true},"client_id":{"type":"string","description":"Client ID from provider","description_kind":"plain","optional":true},"client_secret":{"type":"string","description":"Client secret from provider","description_kind":"plain","optional":true},"name":{"type":"string","description":"Name of the OAuth integration","description_kind":"plain","optional":true},"scopes":{"type":["list","string"],"description":"OAuth scopes","description_kind":"plain","optional":true},"token_url":{"type":"string","description":"Token URL","description_kind":"plain","optional":true}},"description":"Generic OAuth integration","description_kind":"plain"},"max_items":1},"auth_github":{"nesting_mode":"list","block":{"attributes":{"allow_sign_up":{"type":"string","description":"Automatically sign-up users on successful sign-in","description_kind":"plain","optional":true},"allowed_organizations":{"type":["list","string"],"description":"Require users to belong to one of given organizations","description_kind":"plain","optional":true},"client_id":{"type":"string","description":"Client ID from provider","description_kind":"plain","optional":true},"client_secret":{"type":"string","description":"Client secret from provider","description_kind":"plain","optional":true},"team_ids":{"type":["list","string"],"description":"Require users to belong to one of given team IDs","description_kind":"plain","optional":true}},"description":"Github Auth integration","description_kind":"plain"},"max_items":1},"auth_gitlab":{"nesting_mode":"list","block":{"attributes":{"allow_sign_up":{"type":"string","description":"Automatically sign-up users on successful sign-in","description_kind":"plain","optional":true},"allowed_groups":{"type":["list","string"],"description":"Require users to belong to one of given groups","description_kind":"plain","optional":true},"api_url":{"type":"string","description":"API URL. This only needs to be set when using self hosted GitLab","description_kind":"plain","optional":true},"auth_url":{"type":"string","description":"Authorization URL. This only needs to be set when using self hosted GitLab","description_kind":"plain","optional":true},"client_id":{"type":"string","description":"Client ID from provider","description_kind":"plain","optional":true},"client_secret":{"type":"string","description":"Client secret from provider","description_kind":"plain","optional":true},"token_url":{"type":"string","description":"Token URL. This only needs to be set when using self hosted GitLab","description_kind":"plain","optional":true}},"description":"GitLab Auth integration","description_kind":"plain"},"max_items":1},"auth_google":{"nesting_mode":"list","block":{"attributes":{"allow_sign_up":{"type":"string","description":"Automatically sign-up users on successful sign-in","description_kind":"plain","optional":true},"allowed_domains":{"type":["list","string"],"description":"Domains allowed to sign-in to this Grafana","description_kind":"plain","optional":true},"client_id":{"type":"string","description":"Client ID from provider","description_kind":"plain","optional":true},"client_secret":{"type":"string","description":"Client secret from provider","description_kind":"plain","optional":true}},"description":"Google Auth integration","description_kind":"plain"},"max_items":1},"external_image_storage":{"nesting_mode":"list","block":{"attributes":{"access_key":{"type":"string","description":"S3 access key. Requires permissions to the S3 bucket for the s3:PutObject and s3:PutObjectAcl actions","description_kind":"plain","optional":true},"bucket_url":{"type":"string","description":"Bucket URL for S3","description_kind":"plain","optional":true},"provider":{"type":"string","description":"Provider type","description_kind":"plain","optional":true},"secret_key":{"type":"string","description":"S3 secret key","description_kind":"plain","optional":true}},"description":"External image store settings","description_kind":"plain"},"max_items":1},"private_access":{"nesting_mode":"list","block":{"attributes":{"grafana":{"type":"string","description":"Allow clients to connect to grafana with a DNS name that always resolves to the service's private IP addresses. Only available in certain network locations","description_kind":"plain","optional":true}},"description":"Allow access to selected service ports from private networks","description_kind":"plain"},"max_items":1},"public_access":{"nesting_mode":"list","block":{"attributes":{"grafana":{"type":"string","description":"Allow clients to connect to grafana from the public internet for service nodes that are in a project VPC or another type of private network","description_kind":"plain","optional":true}},"description":"Allow access to selected service ports from the public Internet","description_kind":"plain"},"max_items":1},"smtp_server":{"nesting_mode":"list","block":{"attributes":{"from_address":{"type":"string","description":"Address used for sending emails","description_kind":"plain","optional":true},"from_name":{"type":"string","description":"Name used in outgoing emails, defaults to Grafana","description_kind":"plain","optional":true},"host":{"type":"string","description":"Server hostname or IP","description_kind":"plain","optional":true},"password":{"type":"string","description":"Password for SMTP authentication","description_kind":"plain","optional":true,"sensitive":true},"port":{"type":"string","description":"SMTP server port","description_kind":"plain","optional":true},"skip_verify":{"type":"string","description":"Skip verifying server certificate. Defaults to false","description_kind":"plain","optional":true},"username":{"type":"string","description":"Username for SMTP authentication","description_kind":"plain","optional":true}},"description":"SMTP server settings","description_kind":"plain"},"max_items":1}},"description":"Grafana specific user configurable settings","description_kind":"plain"},"max_items":1},"influxdb":{"nesting_mode":"list","block":{"attributes":{"database_name":{"type":"string","description":"Name of the default InfluxDB database","description_kind":"plain","computed":true}},"description":"InfluxDB specific server provided values","description_kind":"plain"},"max_items":1},"influxdb_user_config":{"nesting_mode":"list","block":{"attributes":{"custom_domain":{"type":"string","description":"Custom domain","description_kind":"plain","optional":true},"ip_filter":{"type":["list","string"],"description":"IP filter","description_kind":"plain","optional":true},"service_to_fork_from":{"type":"string","description":"Name of another service to fork from. This has effect only when a new service is being created.","description_kind":"plain","optional":true}},"block_types":{"private_access":{"nesting_mode":"list","block":{"attributes":{"influxdb":{"type":"string","description":"Allow clients to connect to influxdb with a DNS name that always resolves to the service's private IP addresses. Only available in certain network locations","description_kind":"plain","optional":true}},"description":"Allow access to selected service ports from private networks","description_kind":"plain"},"max_items":1},"public_access":{"nesting_mode":"list","block":{"attributes":{"influxdb":{"type":"string","description":"Allow clients to connect to influxdb from the public internet for service nodes that are in a project VPC or another type of private network","description_kind":"plain","optional":true}},"description":"Allow access to selected service ports from the public Internet","description_kind":"plain"},"max_items":1}},"description":"InfluxDB specific user configurable settings","description_kind":"plain"},"max_items":1},"kafka":{"nesting_mode":"list","block":{"attributes":{"access_cert":{"type":"string","description":"The Kafka client certificate","description_kind":"plain","optional":true,"computed":true,"sensitive":true},"access_key":{"type":"string","description":"The Kafka client certificate key","description_kind":"plain","optional":true,"computed":true,"sensitive":true},"connect_uri":{"type":"string","description":"The Kafka Connect URI, if any","description_kind":"plain","optional":true,"computed":true,"sensitive":true},"rest_uri":{"type":"string","description":"The Kafka REST URI, if any","description_kind":"plain","optional":true,"computed":true,"sensitive":true},"schema_registry_uri":{"type":"string","description":"The Schema Registry URI, if any","description_kind":"plain","optional":true,"computed":true,"sensitive":true}},"description":"Kafka specific server provided values","description_kind":"plain"},"max_items":1},"kafka_connect":{"nesting_mode":"list","block":{"description":"Kafka Connect specific server provided values","description_kind":"plain"},"max_items":1},"kafka_connect_user_config":{"nesting_mode":"list","block":{"attributes":{"ip_filter":{"type":["list","string"],"description":"IP filter","description_kind":"plain","optional":true}},"block_types":{"kafka_connect":{"nesting_mode":"list","block":{"attributes":{"connector_client_config_override_policy":{"type":"string","description":"Client config override policy","description_kind":"plain","optional":true},"consumer_auto_offset_reset":{"type":"string","description":"Consumer auto offset reset","description_kind":"plain","optional":true},"consumer_isolation_level":{"type":"string","description":"Consumer isolation level","description_kind":"plain","optional":true},"consumer_max_poll_interval_ms":{"type":"string","description":"The maximum delay between polls when using consumer group management","description_kind":"plain","optional":true},"consumer_max_poll_records":{"type":"string","description":"The maximum number of records returned by a single poll","description_kind":"plain","optional":true},"offset_flush_interval_ms":{"type":"string","description":"The interval at which to try committing offsets for tasks","description_kind":"plain","optional":true},"offset_flush_timeout_ms":{"type":"string","description":"Offset flush timeout","description_kind":"plain","optional":true},"session_timeout_ms":{"type":"string","description":"The timeout used to detect failures when using Kafka’s group management facilities","description_kind":"plain","optional":true}},"description":"Kafka Connect configuration values","description_kind":"plain"},"max_items":1},"private_access":{"nesting_mode":"list","block":{"attributes":{"kafka_connect":{"type":"string","description":"Allow clients to connect to kafka_connect with a DNS name that always resolves to the service's private IP addresses. Only available in certain network locations","description_kind":"plain","optional":true},"prometheus":{"type":"string","description":"Allow clients to connect to prometheus with a DNS name that always resolves to the service's private IP addresses. Only available in certain network locations","description_kind":"plain","optional":true}},"description":"Allow access to selected service ports from private networks","description_kind":"plain"},"max_items":1},"public_access":{"nesting_mode":"list","block":{"attributes":{"kafka_connect":{"type":"string","description":"Allow clients to connect to kafka_connect from the public internet for service nodes that are in a project VPC or another type of private network","description_kind":"plain","optional":true},"prometheus":{"type":"string","description":"Allow clients to connect to prometheus from the public internet for service nodes that are in a project VPC or another type of private network","description_kind":"plain","optional":true}},"description":"Allow access to selected service ports from the public Internet","description_kind":"plain"},"max_items":1}},"description":"Kafka Connect specific user configurable settings","description_kind":"plain"},"max_items":1},"kafka_mirrormaker":{"nesting_mode":"list","block":{"description":"Kafka MirrorMaker 2 specific server provided values","description_kind":"plain"},"max_items":1},"kafka_mirrormaker_user_config":{"nesting_mode":"list","block":{"attributes":{"ip_filter":{"type":["list","string"],"description":"IP filter","description_kind":"plain","optional":true}},"block_types":{"kafka_mirrormaker":{"nesting_mode":"list","block":{"attributes":{"refresh_groups_enabled":{"type":"string","description":"Refresh consumer groups","description_kind":"plain","optional":true},"refresh_groups_interval_seconds":{"type":"string","description":"Frequency of group refresh","description_kind":"plain","optional":true},"refresh_topics_enabled":{"type":"string","description":"Refresh topics and partitions","description_kind":"plain","optional":true},"refresh_topics_interval_seconds":{"type":"string","description":"Frequency of topic and partitions refresh","description_kind":"plain","optional":true}},"description":"Kafka MirrorMaker configuration values","description_kind":"plain"},"max_items":1}},"description":"Kafka MirrorMaker 2 specific user configurable settings","description_kind":"plain"},"max_items":1},"kafka_user_config":{"nesting_mode":"list","block":{"attributes":{"custom_domain":{"type":"string","description":"Custom domain","description_kind":"plain","optional":true},"ip_filter":{"type":["list","string"],"description":"IP filter","description_kind":"plain","optional":true},"kafka_connect":{"type":"string","description":"Enable Kafka Connect service","description_kind":"plain","optional":true},"kafka_rest":{"type":"string","description":"Enable Kafka-REST service","description_kind":"plain","optional":true},"kafka_version":{"type":"string","description":"Kafka major version","description_kind":"plain","optional":true},"schema_registry":{"type":"string","description":"Enable Schema-Registry service","description_kind":"plain","optional":true}},"block_types":{"kafka":{"nesting_mode":"list","block":{"attributes":{"auto_create_topics_enable":{"type":"string","description":"auto.create.topics.enable","description_kind":"plain","optional":true},"compression_type":{"type":"string","description":"compression.type","description_kind":"plain","optional":true},"connections_max_idle_ms":{"type":"string","description":"connections.max.idle.ms","description_kind":"plain","optional":true},"default_replication_factor":{"type":"string","description":"default.replication.factor","description_kind":"plain","optional":true},"group_max_session_timeout_ms":{"type":"string","description":"group.max.session.timeout.ms","description_kind":"plain","optional":true},"group_min_session_timeout_ms":{"type":"string","description":"group.min.session.timeout.ms","description_kind":"plain","optional":true},"log_cleaner_max_compaction_lag_ms":{"type":"string","description":"log.cleaner.max.compaction.lag.ms","description_kind":"plain","optional":true},"log_cleaner_min_cleanable_ratio":{"type":"string","description":"log.cleaner.min.cleanable.ratio","description_kind":"plain","optional":true},"log_cleaner_min_compaction_lag_ms":{"type":"string","description":"log.cleaner.min.compaction.lag.ms","description_kind":"plain","optional":true},"log_cleanup_policy":{"type":"string","description":"log.cleanup.policy","description_kind":"plain","optional":true},"log_message_timestamp_difference_max_ms":{"type":"string","description":"log.message.timestamp.difference.max.ms","description_kind":"plain","optional":true},"log_message_timestamp_type":{"type":"string","description":"log.message.timestamp.type","description_kind":"plain","optional":true},"log_retention_bytes":{"type":"string","description":"log.retention.bytes","description_kind":"plain","optional":true},"log_retention_hours":{"type":"string","description":"log.retention.hours","description_kind":"plain","optional":true},"log_segment_bytes":{"type":"string","description":"log.segment.bytes","description_kind":"plain","optional":true},"max_connections_per_ip":{"type":"string","description":"max.connections.per.ip","description_kind":"plain","optional":true},"max_incremental_fetch_session_cache_slots":{"type":"string","description":"max.incremental.fetch.session.cache.slots","description_kind":"plain","optional":true},"message_max_bytes":{"type":"string","description":"message.max.bytes","description_kind":"plain","optional":true},"num_partitions":{"type":"string","description":"num.partitions","description_kind":"plain","optional":true},"offsets_retention_minutes":{"type":"string","description":"offsets.retention.minutes","description_kind":"plain","optional":true},"producer_purgatory_purge_interval_requests":{"type":"string","description":"producer.purgatory.purge.interval.requests","description_kind":"plain","optional":true},"replica_fetch_max_bytes":{"type":"string","description":"replica.fetch.max.bytes","description_kind":"plain","optional":true},"replica_fetch_response_max_bytes":{"type":"string","description":"replica.fetch.response.max.bytes","description_kind":"plain","optional":true},"socket_request_max_bytes":{"type":"string","description":"socket.request.max.bytes","description_kind":"plain","optional":true}},"description":"Kafka broker configuration values","description_kind":"plain"},"max_items":1},"kafka_authentication_methods":{"nesting_mode":"list","block":{"attributes":{"certificate":{"type":"string","description":"Enable certificate/SSL authentication","description_kind":"plain","optional":true},"sasl":{"type":"string","description":"Enable SASL authentication","description_kind":"plain","optional":true}},"description":"Kafka authentication methods","description_kind":"plain"},"max_items":1},"kafka_connect_config":{"nesting_mode":"list","block":{"attributes":{"connector_client_config_override_policy":{"type":"string","description":"Client config override policy","description_kind":"plain","optional":true},"consumer_auto_offset_reset":{"type":"string","description":"Consumer auto offset reset","description_kind":"plain","optional":true},"consumer_isolation_level":{"type":"string","description":"Consumer isolation level","description_kind":"plain","optional":true},"consumer_max_poll_interval_ms":{"type":"string","description":"The maximum delay between polls when using consumer group management","description_kind":"plain","optional":true},"consumer_max_poll_records":{"type":"string","description":"The maximum number of records returned by a single poll","description_kind":"plain","optional":true},"offset_flush_interval_ms":{"type":"string","description":"The interval at which to try committing offsets for tasks","description_kind":"plain","optional":true},"offset_flush_timeout_ms":{"type":"string","description":"Offset flush timeout","description_kind":"plain","optional":true},"session_timeout_ms":{"type":"string","description":"The timeout used to detect failures when using Kafka’s group management facilities","description_kind":"plain","optional":true}},"description":"Kafka Connect configuration values","description_kind":"plain"},"max_items":1},"kafka_rest_config":{"nesting_mode":"list","block":{"attributes":{"consumer_enable_auto_commit":{"type":"string","description":"consumer.enable.auto.commit","description_kind":"plain","optional":true},"consumer_request_max_bytes":{"type":"string","description":"consumer.request.max.bytes","description_kind":"plain","optional":true},"consumer_request_timeout_ms":{"type":"string","description":"consumer.request.timeout.ms","description_kind":"plain","optional":true},"producer_acks":{"type":"string","description":"producer.acks","description_kind":"plain","optional":true},"producer_linger_ms":{"type":"string","description":"producer.linger.ms","description_kind":"plain","optional":true},"simpleconsumer_pool_size_max":{"type":"string","description":"simpleconsumer.pool.size.max","description_kind":"plain","optional":true}},"description":"Kafka REST configuration","description_kind":"plain"},"max_items":1},"private_access":{"nesting_mode":"list","block":{"attributes":{"prometheus":{"type":"string","description":"Allow clients to connect to prometheus with a DNS name that always resolves to the service's private IP addresses. Only available in certain network locations","description_kind":"plain","optional":true}},"description":"Allow access to selected service ports from private networks","description_kind":"plain"},"max_items":1},"public_access":{"nesting_mode":"list","block":{"attributes":{"kafka":{"type":"string","description":"Allow clients to connect to kafka from the public internet for service nodes that are in a project VPC or another type of private network","description_kind":"plain","optional":true},"kafka_connect":{"type":"string","description":"Allow clients to connect to kafka_connect from the public internet for service nodes that are in a project VPC or another type of private network","description_kind":"plain","optional":true},"kafka_rest":{"type":"string","description":"Allow clients to connect to kafka_rest from the public internet for service nodes that are in a project VPC or another type of private network","description_kind":"plain","optional":true},"prometheus":{"type":"string","description":"Allow clients to connect to prometheus from the public internet for service nodes that are in a project VPC or another type of private network","description_kind":"plain","optional":true},"schema_registry":{"type":"string","description":"Allow clients to connect to schema_registry from the public internet for service nodes that are in a project VPC or another type of private network","description_kind":"plain","optional":true}},"description":"Allow access to selected service ports from the public Internet","description_kind":"plain"},"max_items":1}},"description":"Kafka specific user configurable settings","description_kind":"plain"},"max_items":1},"mysql":{"nesting_mode":"list","block":{"description":"MySQL specific server provided values","description_kind":"plain"},"max_items":1},"mysql_user_config":{"nesting_mode":"list","block":{"attributes":{"admin_password":{"type":"string","description":"Custom password for admin user. Defaults to random string. This must be set only when a new service is being created.","description_kind":"plain","optional":true,"sensitive":true},"admin_username":{"type":"string","description":"Custom username for admin user. This must be set only when a new service is being created.","description_kind":"plain","optional":true},"backup_hour":{"type":"string","description":"The hour of day (in UTC) when backup for the service is started. New backup is only started if previous backup has already completed.","description_kind":"plain","optional":true},"backup_minute":{"type":"string","description":"The minute of an hour when backup for the service is started. New backup is only started if previous backup has already completed.","description_kind":"plain","optional":true},"ip_filter":{"type":["list","string"],"description":"IP filter","description_kind":"plain","optional":true},"mysql_version":{"type":"string","description":"MySQL major version","description_kind":"plain","optional":true},"recovery_target_time":{"type":"string","description":"Recovery target time when forking a service. This has effect only when a new service is being created.","description_kind":"plain","optional":true},"service_to_fork_from":{"type":"string","description":"Name of another service to fork from. This has effect only when a new service is being created.","description_kind":"plain","optional":true}},"block_types":{"mysql":{"nesting_mode":"list","block":{"attributes":{"connect_timeout":{"type":"string","description":"connect_timeout","description_kind":"plain","optional":true},"default_time_zone":{"type":"string","description":"default_time_zone","description_kind":"plain","optional":true},"group_concat_max_len":{"type":"string","description":"group_concat_max_len","description_kind":"plain","optional":true},"information_schema_stats_expiry":{"type":"string","description":"information_schema_stats_expiry","description_kind":"plain","optional":true},"innodb_ft_min_token_size":{"type":"string","description":"innodb_ft_min_token_size","description_kind":"plain","optional":true},"innodb_ft_server_stopword_table":{"type":"string","description":"innodb_ft_server_stopword_table","description_kind":"plain","optional":true},"innodb_lock_wait_timeout":{"type":"string","description":"innodb_lock_wait_timeout","description_kind":"plain","optional":true},"innodb_log_buffer_size":{"type":"string","description":"innodb_log_buffer_size","description_kind":"plain","optional":true},"innodb_online_alter_log_max_size":{"type":"string","description":"innodb_online_alter_log_max_size","description_kind":"plain","optional":true},"innodb_print_all_deadlocks":{"type":"string","description":"innodb_print_all_deadlocks","description_kind":"plain","optional":true},"innodb_rollback_on_timeout":{"type":"string","description":"innodb_rollback_on_timeout","description_kind":"plain","optional":true},"interactive_timeout":{"type":"string","description":"interactive_timeout","description_kind":"plain","optional":true},"max_allowed_packet":{"type":"string","description":"max_allowed_packet","description_kind":"plain","optional":true},"max_heap_table_size":{"type":"string","description":"max_heap_table_size","description_kind":"plain","optional":true},"net_read_timeout":{"type":"string","description":"net_read_timeout","description_kind":"plain","optional":true},"net_write_timeout":{"type":"string","description":"net_write_timeout","description_kind":"plain","optional":true},"sort_buffer_size":{"type":"string","description":"sort_buffer_size","description_kind":"plain","optional":true},"sql_mode":{"type":"string","description":"sql_mode","description_kind":"plain","optional":true},"sql_require_primary_key":{"type":"string","description":"sql_require_primary_key","description_kind":"plain","optional":true},"tmp_table_size":{"type":"string","description":"tmp_table_size","description_kind":"plain","optional":true},"wait_timeout":{"type":"string","description":"wait_timeout","description_kind":"plain","optional":true}},"description":"mysql.conf configuration values","description_kind":"plain"},"max_items":1},"private_access":{"nesting_mode":"list","block":{"attributes":{"mysql":{"type":"string","description":"Allow clients to connect to mysql with a DNS name that always resolves to the service's private IP addresses. Only available in certain network locations","description_kind":"plain","optional":true},"prometheus":{"type":"string","description":"Allow clients to connect to prometheus with a DNS name that always resolves to the service's private IP addresses. Only available in certain network locations","description_kind":"plain","optional":true}},"description":"Allow access to selected service ports from private networks","description_kind":"plain"},"max_items":1},"public_access":{"nesting_mode":"list","block":{"attributes":{"mysql":{"type":"string","description":"Allow clients to connect to mysql from the public internet for service nodes that are in a project VPC or another type of private network","description_kind":"plain","optional":true},"prometheus":{"type":"string","description":"Allow clients to connect to prometheus from the public internet for service nodes that are in a project VPC or another type of private network","description_kind":"plain","optional":true}},"description":"Allow access to selected service ports from the public Internet","description_kind":"plain"},"max_items":1}},"description":"MySQL specific user configurable settings","description_kind":"plain"},"max_items":1},"pg":{"nesting_mode":"list","block":{"attributes":{"dbname":{"type":"string","description":"Primary PostgreSQL database name","description_kind":"plain","computed":true},"host":{"type":"string","description":"PostgreSQL master node host IP or name","description_kind":"plain","computed":true},"password":{"type":"string","description":"PostgreSQL admin user password","description_kind":"plain","computed":true,"sensitive":true},"port":{"type":"number","description":"PostgreSQL port","description_kind":"plain","computed":true},"replica_uri":{"type":"string","description":"PostgreSQL replica URI for services with a replica","description_kind":"plain","computed":true,"sensitive":true},"sslmode":{"type":"string","description":"PostgreSQL sslmode setting (currently always \"require\")","description_kind":"plain","computed":true},"uri":{"type":"string","description":"PostgreSQL master connection URI","description_kind":"plain","optional":true,"computed":true,"sensitive":true},"user":{"type":"string","description":"PostgreSQL admin user name","description_kind":"plain","computed":true}},"description":"PostgreSQL specific server provided values","description_kind":"plain"},"max_items":1},"pg_user_config":{"nesting_mode":"list","block":{"attributes":{"admin_password":{"type":"string","description":"Custom password for admin user. Defaults to random string. This must be set only when a new service is being created.","description_kind":"plain","optional":true,"sensitive":true},"admin_username":{"type":"string","description":"Custom username for admin user. This must be set only when a new service is being created.","description_kind":"plain","optional":true},"backup_hour":{"type":"string","description":"The hour of day (in UTC) when backup for the service is started. New backup is only started if previous backup has already completed.","description_kind":"plain","optional":true},"backup_minute":{"type":"string","description":"The minute of an hour when backup for the service is started. New backup is only started if previous backup has already completed.","description_kind":"plain","optional":true},"ip_filter":{"type":["list","string"],"description":"IP filter","description_kind":"plain","optional":true},"pg_read_replica":{"type":"string","description":"Should the service which is being forked be a read replica","description_kind":"plain","optional":true},"pg_service_to_fork_from":{"type":"string","description":"Name of the PG Service from which to fork (deprecated, use service_to_fork_from). This has effect only when a new service is being created.","description_kind":"plain","optional":true},"pg_version":{"type":"string","description":"PostgreSQL major version","description_kind":"plain","optional":true},"recovery_target_time":{"type":"string","description":"Recovery target time when forking a service. This has effect only when a new service is being created.","description_kind":"plain","optional":true},"service_to_fork_from":{"type":"string","description":"Name of another service to fork from. This has effect only when a new service is being created.","description_kind":"plain","optional":true},"shared_buffers_percentage":{"type":"string","description":"shared_buffers_percentage","description_kind":"plain","optional":true},"synchronous_replication":{"type":"string","description":"Synchronous replication type. Note that the service plan also needs to support synchronous replication.","description_kind":"plain","optional":true},"variant":{"type":"string","description":"Variant of the PostgreSQL service, may affect the features that are exposed by default","description_kind":"plain","optional":true},"work_mem":{"type":"string","description":"work_mem","description_kind":"plain","optional":true}},"block_types":{"pg":{"nesting_mode":"list","block":{"attributes":{"autovacuum_analyze_scale_factor":{"type":"string","description":"autovacuum_analyze_scale_factor","description_kind":"plain","optional":true},"autovacuum_analyze_threshold":{"type":"string","description":"autovacuum_analyze_threshold","description_kind":"plain","optional":true},"autovacuum_freeze_max_age":{"type":"string","description":"autovacuum_freeze_max_age","description_kind":"plain","optional":true},"autovacuum_max_workers":{"type":"string","description":"autovacuum_max_workers","description_kind":"plain","optional":true},"autovacuum_naptime":{"type":"string","description":"autovacuum_naptime","description_kind":"plain","optional":true},"autovacuum_vacuum_cost_delay":{"type":"string","description":"autovacuum_vacuum_cost_delay","description_kind":"plain","optional":true},"autovacuum_vacuum_cost_limit":{"type":"string","description":"autovacuum_vacuum_cost_limit","description_kind":"plain","optional":true},"autovacuum_vacuum_scale_factor":{"type":"string","description":"autovacuum_vacuum_scale_factor","description_kind":"plain","optional":true},"autovacuum_vacuum_threshold":{"type":"string","description":"autovacuum_vacuum_threshold","description_kind":"plain","optional":true},"deadlock_timeout":{"type":"string","description":"deadlock_timeout","description_kind":"plain","optional":true},"idle_in_transaction_session_timeout":{"type":"string","description":"idle_in_transaction_session_timeout","description_kind":"plain","optional":true},"jit":{"type":"string","description":"jit","description_kind":"plain","optional":true},"log_autovacuum_min_duration":{"type":"string","description":"log_autovacuum_min_duration","description_kind":"plain","optional":true},"log_error_verbosity":{"type":"string","description":"log_error_verbosity","description_kind":"plain","optional":true},"log_min_duration_statement":{"type":"string","description":"log_min_duration_statement","description_kind":"plain","optional":true},"max_locks_per_transaction":{"type":"string","description":"max_locks_per_transaction","description_kind":"plain","optional":true},"max_parallel_workers":{"type":"string","description":"max_parallel_workers","description_kind":"plain","optional":true},"max_parallel_workers_per_gather":{"type":"string","description":"max_parallel_workers_per_gather","description_kind":"plain","optional":true},"max_pred_locks_per_transaction":{"type":"string","description":"max_pred_locks_per_transaction","description_kind":"plain","optional":true},"max_prepared_transactions":{"type":"string","description":"max_prepared_transactions","description_kind":"plain","optional":true},"max_stack_depth":{"type":"string","description":"max_stack_depth","description_kind":"plain","optional":true},"max_standby_archive_delay":{"type":"string","description":"max_standby_archive_delay","description_kind":"plain","optional":true},"max_standby_streaming_delay":{"type":"string","description":"max_standby_streaming_delay","description_kind":"plain","optional":true},"max_worker_processes":{"type":"string","description":"max_worker_processes","description_kind":"plain","optional":true},"pg_stat_statements__dot__track":{"type":"string","description":"pg_stat_statements.track","description_kind":"plain","optional":true},"temp_file_limit":{"type":"string","description":"temp_file_limit","description_kind":"plain","optional":true},"timezone":{"type":"string","description":"timezone","description_kind":"plain","optional":true},"track_activity_query_size":{"type":"string","description":"track_activity_query_size","description_kind":"plain","optional":true},"track_commit_timestamp":{"type":"string","description":"track_commit_timestamp","description_kind":"plain","optional":true},"track_functions":{"type":"string","description":"track_functions","description_kind":"plain","optional":true},"wal_sender_timeout":{"type":"string","description":"wal_sender_timeout","description_kind":"plain","optional":true},"wal_writer_delay":{"type":"string","description":"wal_writer_delay","description_kind":"plain","optional":true}},"description":"postgresql.conf configuration values","description_kind":"plain"},"max_items":1},"pgbouncer":{"nesting_mode":"list","block":{"attributes":{"ignore_startup_parameters":{"type":["list","string"],"description":"List of parameters to ignore when given in startup packet","description_kind":"plain","optional":true},"server_reset_query_always":{"type":"string","description":"Run server_reset_query (DISCARD ALL) in all pooling modes","description_kind":"plain","optional":true}},"description":"PGBouncer connection pooling settings","description_kind":"plain"},"max_items":1},"pglookout":{"nesting_mode":"list","block":{"attributes":{"max_failover_replication_time_lag":{"type":"string","description":"max_failover_replication_time_lag","description_kind":"plain","optional":true}},"description":"PGLookout settings","description_kind":"plain"},"max_items":1},"private_access":{"nesting_mode":"list","block":{"attributes":{"pg":{"type":"string","description":"Allow clients to connect to pg with a DNS name that always resolves to the service's private IP addresses. Only available in certain network locations","description_kind":"plain","optional":true},"pgbouncer":{"type":"string","description":"Allow clients to connect to pgbouncer with a DNS name that always resolves to the service's private IP addresses. Only available in certain network locations","description_kind":"plain","optional":true},"prometheus":{"type":"string","description":"Allow clients to connect to prometheus with a DNS name that always resolves to the service's private IP addresses. Only available in certain network locations","description_kind":"plain","optional":true}},"description":"Allow access to selected service ports from private networks","description_kind":"plain"},"max_items":1},"public_access":{"nesting_mode":"list","block":{"attributes":{"pg":{"type":"string","description":"Allow clients to connect to pg from the public internet for service nodes that are in a project VPC or another type of private network","description_kind":"plain","optional":true},"pgbouncer":{"type":"string","description":"Allow clients to connect to pgbouncer from the public internet for service nodes that are in a project VPC or another type of private network","description_kind":"plain","optional":true},"prometheus":{"type":"string","description":"Allow clients to connect to prometheus from the public internet for service nodes that are in a project VPC or another type of private network","description_kind":"plain","optional":true}},"description":"Allow access to selected service ports from the public Internet","description_kind":"plain"},"max_items":1},"timescaledb":{"nesting_mode":"list","block":{"attributes":{"max_background_workers":{"type":"string","description":"timescaledb.max_background_workers","description_kind":"plain","optional":true}},"description":"TimescaleDB extension configuration values","description_kind":"plain"},"max_items":1}},"description":"PostgreSQL specific user configurable settings","description_kind":"plain"},"max_items":1},"redis":{"nesting_mode":"list","block":{"description":"Redis specific server provided values","description_kind":"plain"},"max_items":1},"redis_user_config":{"nesting_mode":"list","block":{"attributes":{"ip_filter":{"type":["list","string"],"description":"IP filter","description_kind":"plain","optional":true},"redis_lfu_decay_time":{"type":"string","description":"LFU maxmemory-policy counter decay time in minutes","description_kind":"plain","optional":true},"redis_lfu_log_factor":{"type":"string","description":"Counter logarithm factor for volatile-lfu and allkeys-lfu maxmemory-policies","description_kind":"plain","optional":true},"redis_maxmemory_policy":{"type":"string","description":"Redis maxmemory-policy","description_kind":"plain","optional":true},"redis_notify_keyspace_events":{"type":"string","description":"Set notify-keyspace-events option","description_kind":"plain","optional":true},"redis_ssl":{"type":"string","description":"Require SSL to access Redis","description_kind":"plain","optional":true},"redis_timeout":{"type":"string","description":"Redis idle connection timeout","description_kind":"plain","optional":true}},"block_types":{"migration":{"nesting_mode":"list","block":{"attributes":{"host":{"type":"string","description":"Hostname or IP address of the server where to migrate data from","description_kind":"plain","optional":true},"password":{"type":"string","description":"Password for authentication with the server where to migrate data from","description_kind":"plain","optional":true,"sensitive":true},"port":{"type":"string","description":"Port number of the server where to migrate data from","description_kind":"plain","optional":true},"ssl":{"type":"string","description":"The server where to migrate data from is secured with SSL","description_kind":"plain","optional":true},"username":{"type":"string","description":"User name for authentication with the server where to migrate data from","description_kind":"plain","optional":true}},"description":"Migrate data from existing server","description_kind":"plain"},"max_items":1},"private_access":{"nesting_mode":"list","block":{"attributes":{"prometheus":{"type":"string","description":"Allow clients to connect to prometheus with a DNS name that always resolves to the service's private IP addresses. Only available in certain network locations","description_kind":"plain","optional":true},"redis":{"type":"string","description":"Allow clients to connect to redis with a DNS name that always resolves to the service's private IP addresses. Only available in certain network locations","description_kind":"plain","optional":true}},"description":"Allow access to selected service ports from private networks","description_kind":"plain"},"max_items":1},"public_access":{"nesting_mode":"list","block":{"attributes":{"prometheus":{"type":"string","description":"Allow clients to connect to prometheus from the public internet for service nodes that are in a project VPC or another type of private network","description_kind":"plain","optional":true},"redis":{"type":"string","description":"Allow clients to connect to redis from the public internet for service nodes that are in a project VPC or another type of private network","description_kind":"plain","optional":true}},"description":"Allow access to selected service ports from the public Internet","description_kind":"plain"},"max_items":1}},"description":"Redis specific user configurable settings","description_kind":"plain"},"max_items":1},"service_integrations":{"nesting_mode":"list","block":{"attributes":{"integration_type":{"type":"string","description":"Type of the service integration. The only supported value at the moment is 'read_replica'","description_kind":"plain","required":true},"source_service_name":{"type":"string","description":"Name of the source service","description_kind":"plain","required":true}},"description":"Service integrations to specify when creating a service. Not applied after initial service creation","description_kind":"plain"}},"timeouts":{"nesting_mode":"single","block":{"attributes":{"create":{"type":"string","description_kind":"plain","optional":true},"update":{"type":"string","description_kind":"plain","optional":true}},"description_kind":"plain"}}},"description_kind":"plain"}},"aiven_service_integration":{"version":0,"block":{"attributes":{"destination_endpoint_id":{"type":"string","description":"Destination endpoint for the integration (if any)","description_kind":"plain","optional":true},"destination_service_name":{"type":"string","description":"Destination service for the integration (if any)","description_kind":"plain","optional":true},"id":{"type":"string","description_kind":"plain","optional":true,"computed":true},"integration_type":{"type":"string","description":"Type of the service integration","description_kind":"plain","required":true},"project":{"type":"string","description":"Project the integration belongs to","description_kind":"plain","required":true},"source_endpoint_id":{"type":"string","description":"Source endpoint for the integration (if any)","description_kind":"plain","optional":true},"source_service_name":{"type":"string","description":"Source service for the integration (if any)","description_kind":"plain","optional":true}},"block_types":{"kafka_connect_user_config":{"nesting_mode":"list","block":{"block_types":{"kafka_connect":{"nesting_mode":"list","block":{"attributes":{"config_storage_topic":{"type":"string","description":"The name of the topic where connector and task configuration data are stored.This must be the same for all workers with the same group_id.","description_kind":"plain","optional":true},"group_id":{"type":"string","description":"A unique string that identifies the Connect cluster group this worker belongs to.","description_kind":"plain","optional":true},"offset_storage_topic":{"type":"string","description":"The name of the topic where connector and task configuration offsets are stored.This must be the same for all workers with the same group_id.","description_kind":"plain","optional":true},"status_storage_topic":{"type":"string","description":"The name of the topic where connector and task configuration status updates are stored.This must be the same for all workers with the same group_id.","description_kind":"plain","optional":true}},"description":"Kafka Connect service configuration values","description_kind":"plain"},"max_items":1}},"description":"Kafka Connect specific user configurable settings","description_kind":"plain"},"max_items":1},"kafka_mirrormaker_user_config":{"nesting_mode":"list","block":{"attributes":{"cluster_alias":{"type":"string","description":"Kafka cluster alias","description_kind":"plain","optional":true}},"description":"Mirrormaker 2 integration specific user configurable settings","description_kind":"plain"},"max_items":1},"logs_user_config":{"nesting_mode":"list","block":{"attributes":{"elasticsearch_index_days_max":{"type":"string","description":"Elasticsearch index retention limit","description_kind":"plain","optional":true},"elasticsearch_index_prefix":{"type":"string","description":"Elasticsearch index prefix","description_kind":"plain","optional":true}},"description":"Log integration specific user configurable settings","description_kind":"plain"},"max_items":1},"mirrormaker_user_config":{"nesting_mode":"list","block":{"attributes":{"mirrormaker_whitelist":{"type":"string","description":"Mirrormaker topic whitelist","description_kind":"plain","optional":true}},"description":"Mirrormaker 1 integration specific user configurable settings","description_kind":"plain"},"max_items":1}},"description_kind":"plain"}},"aiven_service_integration_endpoint":{"version":0,"block":{"attributes":{"endpoint_config":{"type":["map","string"],"description":"Integration endpoint specific backend configuration","description_kind":"plain","computed":true},"endpoint_name":{"type":"string","description":"Name of the service integration endpoint","description_kind":"plain","required":true},"endpoint_type":{"type":"string","description":"Type of the service integration endpoint","description_kind":"plain","required":true},"id":{"type":"string","description_kind":"plain","optional":true,"computed":true},"project":{"type":"string","description":"Project the service integration endpoint belongs to","description_kind":"plain","required":true}},"block_types":{"datadog_user_config":{"nesting_mode":"list","block":{"attributes":{"datadog_api_key":{"type":"string","description":"Datadog API key","description_kind":"plain","optional":true,"sensitive":true},"disable_consumer_stats":{"type":"string","description":"Disable consumer group metrics","description_kind":"plain","optional":true},"max_partition_contexts":{"type":"string","description":"Maximum number of partition contexts to send","description_kind":"plain","optional":true},"site":{"type":"string","description":"Datadog intake site. Defaults to datadoghq.com","description_kind":"plain","optional":true}},"description":"Datadog specific user configurable settings","description_kind":"plain"},"max_items":1},"external_elasticsearch_logs_user_config":{"nesting_mode":"list","block":{"attributes":{"ca":{"type":"string","description":"PEM encoded CA certificate","description_kind":"plain","optional":true},"index_days_max":{"type":"string","description":"Maximum number of days of logs to keep","description_kind":"plain","optional":true},"index_prefix":{"type":"string","description":"Elasticsearch index prefix","description_kind":"plain","optional":true},"timeout":{"type":"string","description":"Elasticsearch request timeout limit","description_kind":"plain","optional":true},"url":{"type":"string","description":"Elasticsearch connection URL","description_kind":"plain","optional":true}},"description":"external elasticsearch specific user configurable settings","description_kind":"plain"},"max_items":1},"prometheus_user_config":{"nesting_mode":"list","block":{"attributes":{"basic_auth_password":{"type":"string","description":"Prometheus basic authentication password","description_kind":"plain","optional":true,"sensitive":true},"basic_auth_username":{"type":"string","description":"Prometheus basic authentication username","description_kind":"plain","optional":true}},"description":"Prometheus specific user configurable settings","description_kind":"plain"},"max_items":1},"rsyslog_user_config":{"nesting_mode":"list","block":{"attributes":{"ca":{"type":"string","description":"PEM encoded CA certificate","description_kind":"plain","optional":true},"cert":{"type":"string","description":"PEM encoded client certificate","description_kind":"plain","optional":true},"format":{"type":"string","description":"message format","description_kind":"plain","optional":true},"key":{"type":"string","description":"PEM encoded client key","description_kind":"plain","optional":true},"logline":{"type":"string","description":"custom syslog message format","description_kind":"plain","optional":true},"port":{"type":"string","description":"rsyslog server port","description_kind":"plain","optional":true},"sd":{"type":"string","description":"Structured data block for log message","description_kind":"plain","optional":true},"server":{"type":"string","description":"rsyslog server IP address or hostname","description_kind":"plain","optional":true},"tls":{"type":"string","description":"Require TLS","description_kind":"plain","optional":true}},"description":"rsyslog specific user configurable settings","description_kind":"plain"},"max_items":1}},"description_kind":"plain"}},"aiven_service_user":{"version":0,"block":{"attributes":{"access_cert":{"type":"string","description":"Access certificate for the user if applicable for the service in question","description_kind":"plain","computed":true,"sensitive":true},"access_key":{"type":"string","description":"Access certificate key for the user if applicable for the service in question","description_kind":"plain","computed":true,"sensitive":true},"id":{"type":"string","description_kind":"plain","optional":true,"computed":true},"password":{"type":"string","description":"Password of the user","description_kind":"plain","computed":true,"sensitive":true},"project":{"type":"string","description":"Project to link the user to","description_kind":"plain","required":true},"service_name":{"type":"string","description":"Service to link the user to","description_kind":"plain","required":true},"type":{"type":"string","description":"Type of the user account","description_kind":"plain","computed":true},"username":{"type":"string","description":"Name of the user account","description_kind":"plain","required":true}},"description_kind":"plain"}},"aiven_transit_gateway_vpc_attachment":{"version":0,"block":{"attributes":{"id":{"type":"string","description_kind":"plain","optional":true,"computed":true},"peer_cloud_account":{"type":"string","description":"AWS account ID or GCP project ID of the peered VPC","description_kind":"plain","required":true},"peer_region":{"type":"string","description":"AWS region of the peered VPC (if not in the same region as Aiven VPC)","description_kind":"plain","required":true},"peer_vpc":{"type":"string","description":"Transit gateway ID","description_kind":"plain","required":true},"peering_connection_id":{"type":"string","description":"Cloud provider identifier for the peering connection if available","description_kind":"plain","computed":true},"state":{"type":"string","description":"State of the peering connection","description_kind":"plain","computed":true},"state_info":{"type":["map","string"],"description":"State-specific help or error information","description_kind":"plain","computed":true},"user_peer_network_cidrs":{"type":["list","string"],"description":"List of private IPv4 ranges to route through the peering connection","description_kind":"plain","required":true},"vpc_id":{"type":"string","description":"The VPC the peering connection belongs to","description_kind":"plain","required":true}},"block_types":{"timeouts":{"nesting_mode":"single","block":{"attributes":{"create":{"type":"string","description_kind":"plain","optional":true}},"description_kind":"plain"}}},"description_kind":"plain"}},"aiven_vpc_peering_connection":{"version":0,"block":{"attributes":{"id":{"type":"string","description_kind":"plain","optional":true,"computed":true},"peer_azure_app_id":{"type":"string","description":"Azure app registration id in UUID4 form that is allowed to create a peering to the peer vnet","description_kind":"plain","computed":true},"peer_azure_tenant_id":{"type":"string","description":"Azure tenant id in UUID4 form","description_kind":"plain","computed":true},"peer_cloud_account":{"type":"string","description":"AWS account ID or GCP project ID of the peered VPC","description_kind":"plain","required":true},"peer_region":{"type":"string","description":"AWS region of the peered VPC (if not in the same region as Aiven VPC)","description_kind":"plain","optional":true},"peer_resource_group":{"type":"string","description":"Azure resource group name of the peered VPC","description_kind":"plain","computed":true},"peer_vpc":{"type":"string","description":"AWS VPC ID or GCP VPC network name of the peered VPC","description_kind":"plain","required":true},"peering_connection_id":{"type":"string","description":"Cloud provider identifier for the peering connection if available","description_kind":"plain","computed":true},"state":{"type":"string","description":"State of the peering connection","description_kind":"plain","computed":true},"state_info":{"type":["map","string"],"description":"State-specific help or error information","description_kind":"plain","computed":true},"vpc_id":{"type":"string","description":"The VPC the peering connection belongs to","description_kind":"plain","required":true}},"block_types":{"timeouts":{"nesting_mode":"single","block":{"attributes":{"create":{"type":"string","description_kind":"plain","optional":true}},"description_kind":"plain"}}},"description_kind":"plain"}}},"data_source_schemas":{"aiven_account":{"version":0,"block":{"attributes":{"account_id":{"type":"string","description":"Account id","description_kind":"plain","optional":true,"computed":true},"create_time":{"type":"string","description":"Time of creation","description_kind":"plain","optional":true,"computed":true},"id":{"type":"string","description_kind":"plain","optional":true,"computed":true},"name":{"type":"string","description":"Account name","description_kind":"plain","required":true},"owner_team_id":{"type":"string","description":"Owner team id","description_kind":"plain","optional":true,"computed":true},"tenant_id":{"type":"string","description":"Tenant id","description_kind":"plain","optional":true,"computed":true},"update_time":{"type":"string","description":"Time of last update","description_kind":"plain","optional":true,"computed":true}},"description_kind":"plain"}},"aiven_account_authentication":{"version":0,"block":{"attributes":{"account_id":{"type":"string","description":"Account id","description_kind":"plain","required":true},"authentication_id":{"type":"string","description":"Account authentication id","description_kind":"plain","optional":true,"computed":true},"create_time":{"type":"string","description":"Time of creation","description_kind":"plain","optional":true,"computed":true},"enabled":{"type":"bool","description":"Status of account authentication method","description_kind":"plain","optional":true},"id":{"type":"string","description_kind":"plain","optional":true,"computed":true},"name":{"type":"string","description":"Account team name","description_kind":"plain","required":true},"saml_acs_url":{"type":"string","description":"SAML Assertion Consumer Service URL","description_kind":"plain","optional":true,"computed":true},"saml_certificate":{"type":"string","description":"SAML Certificate","description_kind":"plain","optional":true},"saml_entity_id":{"type":"string","description":"SAML Entity id","description_kind":"plain","optional":true},"saml_idp_url":{"type":"string","description":"SAML Idp URL","description_kind":"plain","optional":true},"saml_metadata_url":{"type":"string","description":"SAML Metadata URL","description_kind":"plain","optional":true,"computed":true},"type":{"type":"string","description":"Account authentication id","description_kind":"plain","optional":true},"update_time":{"type":"string","description":"Time of last update","description_kind":"plain","optional":true,"computed":true}},"description_kind":"plain"}},"aiven_account_team":{"version":0,"block":{"attributes":{"account_id":{"type":"string","description":"Account id","description_kind":"plain","required":true},"create_time":{"type":"string","description":"Time of creation","description_kind":"plain","optional":true,"computed":true},"id":{"type":"string","description_kind":"plain","optional":true,"computed":true},"name":{"type":"string","description":"Account team name","description_kind":"plain","required":true},"team_id":{"type":"string","description":"Account team id","description_kind":"plain","optional":true,"computed":true},"update_time":{"type":"string","description":"Time of last update","description_kind":"plain","optional":true,"computed":true}},"description_kind":"plain"}},"aiven_account_team_member":{"version":0,"block":{"attributes":{"accepted":{"type":"bool","description":"Team member invitation status","description_kind":"plain","optional":true,"computed":true},"account_id":{"type":"string","description":"Account id","description_kind":"plain","required":true},"create_time":{"type":"string","description":"Time of creation","description_kind":"plain","optional":true,"computed":true},"id":{"type":"string","description_kind":"plain","optional":true,"computed":true},"invited_by_user_email":{"type":"string","description":"Team invited by user email","description_kind":"plain","optional":true,"computed":true},"team_id":{"type":"string","description":"Account team id","description_kind":"plain","required":true},"user_email":{"type":"string","description":"Team invite user email","description_kind":"plain","required":true}},"description_kind":"plain"}},"aiven_account_team_project":{"version":0,"block":{"attributes":{"account_id":{"type":"string","description":"Account id","description_kind":"plain","required":true},"id":{"type":"string","description_kind":"plain","optional":true,"computed":true},"project_name":{"type":"string","description":"Account team project name","description_kind":"plain","required":true},"team_id":{"type":"string","description":"Account team id","description_kind":"plain","required":true},"team_type":{"type":"string","description":"Account team project type, can one of the following values: admin, developer, operator and read_only","description_kind":"plain","optional":true}},"description_kind":"plain"}},"aiven_cassandra":{"version":0,"block":{"attributes":{"cloud_name":{"type":"string","description":"Cloud the service runs in","description_kind":"plain","optional":true},"id":{"type":"string","description_kind":"plain","optional":true,"computed":true},"maintenance_window_dow":{"type":"string","description":"Day of week when maintenance operations should be performed. One monday, tuesday, wednesday, etc.","description_kind":"plain","optional":true},"maintenance_window_time":{"type":"string","description":"Time of day when maintenance operations should be performed. UTC time in HH:mm:ss format.","description_kind":"plain","optional":true},"plan":{"type":"string","description":"Subscription plan","description_kind":"plain","optional":true},"project":{"type":"string","description":"Target project","description_kind":"plain","required":true},"project_vpc_id":{"type":"string","description":"Identifier of the VPC the service should be in, if any","description_kind":"plain","optional":true},"service_host":{"type":"string","description":"Service hostname","description_kind":"plain","optional":true,"computed":true},"service_name":{"type":"string","description":"Service name","description_kind":"plain","required":true},"service_password":{"type":"string","description":"Password used for connecting to the service, if applicable","description_kind":"plain","optional":true,"computed":true,"sensitive":true},"service_port":{"type":"number","description":"Service port","description_kind":"plain","optional":true,"computed":true},"service_type":{"type":"string","description":"Aiven internal service type code","description_kind":"plain","optional":true,"computed":true},"service_uri":{"type":"string","description":"URI for connecting to the service. Service specific info is under \"kafka\", \"pg\", etc.","description_kind":"plain","optional":true,"computed":true,"sensitive":true},"service_username":{"type":"string","description":"Username used for connecting to the service, if applicable","description_kind":"plain","optional":true,"computed":true},"state":{"type":"string","description":"Service state","description_kind":"plain","optional":true,"computed":true},"termination_protection":{"type":"bool","description":"Prevent service from being deleted. It is recommended to have this enabled for all services.","description_kind":"plain","optional":true}},"block_types":{"cassandra":{"nesting_mode":"list","block":{"description":"Cassandra server provided values","description_kind":"plain"},"max_items":1},"cassandra_user_config":{"nesting_mode":"list","block":{"attributes":{"ip_filter":{"type":["list","string"],"description":"IP filter","description_kind":"plain","optional":true},"migrate_sstableloader":{"type":"string","description":"Migration mode for the sstableloader utility","description_kind":"plain","optional":true},"service_to_fork_from":{"type":"string","description":"Name of another service to fork from. This has effect only when a new service is being created.","description_kind":"plain","optional":true}},"block_types":{"private_access":{"nesting_mode":"list","block":{"attributes":{"prometheus":{"type":"string","description":"Allow clients to connect to prometheus with a DNS name that always resolves to the service's private IP addresses. Only available in certain network locations","description_kind":"plain","optional":true}},"description":"Allow access to selected service ports from private networks","description_kind":"plain"},"max_items":1},"public_access":{"nesting_mode":"list","block":{"attributes":{"prometheus":{"type":"string","description":"Allow clients to connect to prometheus from the public internet for service nodes that are in a project VPC or another type of private network","description_kind":"plain","optional":true}},"description":"Allow access to selected service ports from the public Internet","description_kind":"plain"},"max_items":1}},"description":"Cassandra user configurable settings","description_kind":"plain"},"max_items":1},"components":{"nesting_mode":"list","block":{"attributes":{"component":{"type":"string","description":"Service component name","description_kind":"plain","computed":true},"host":{"type":"string","description":"DNS name for connecting to the service component","description_kind":"plain","computed":true},"kafka_authentication_method":{"type":"string","description":"Kafka authentication method. This is a value specific to the 'kafka' service component","description_kind":"plain","optional":true,"computed":true},"port":{"type":"number","description":"Port number for connecting to the service component","description_kind":"plain","computed":true},"route":{"type":"string","description":"Network access route","description_kind":"plain","computed":true},"ssl":{"type":"bool","description":"Whether the endpoint is encrypted or accepts plaintext. By default endpoints are always encrypted and this property is only included for service components they may disable encryption","description_kind":"plain","computed":true},"usage":{"type":"string","description":"DNS usage name","description_kind":"plain","computed":true}},"description":"Service component information objects","description_kind":"plain"}},"service_integrations":{"nesting_mode":"list","block":{"attributes":{"integration_type":{"type":"string","description":"Type of the service integration. The only supported value at the moment is 'read_replica'","description_kind":"plain","required":true},"source_service_name":{"type":"string","description":"Name of the source service","description_kind":"plain","required":true}},"description":"Service integrations to specify when creating a service. Not applied after initial service creation","description_kind":"plain"}}},"description_kind":"plain"}},"aiven_connection_pool":{"version":0,"block":{"attributes":{"connection_uri":{"type":"string","description":"URI for connecting to the pool","description_kind":"plain","optional":true,"computed":true,"sensitive":true},"database_name":{"type":"string","description":"Name of the database the pool connects to","description_kind":"plain","optional":true},"id":{"type":"string","description_kind":"plain","optional":true,"computed":true},"pool_mode":{"type":"string","description":"Mode the pool operates in (session, transaction, statement)","description_kind":"plain","optional":true},"pool_name":{"type":"string","description":"Name of the pool","description_kind":"plain","required":true},"pool_size":{"type":"number","description":"Number of connections the pool may create towards the backend server","description_kind":"plain","optional":true},"project":{"type":"string","description":"Project to link the connection pool to","description_kind":"plain","required":true},"service_name":{"type":"string","description":"Service to link the connection pool to","description_kind":"plain","required":true},"username":{"type":"string","description":"Name of the service user used to connect to the database","description_kind":"plain","optional":true}},"description_kind":"plain"}},"aiven_database":{"version":0,"block":{"attributes":{"database_name":{"type":"string","description":"Service database name","description_kind":"plain","required":true},"id":{"type":"string","description_kind":"plain","optional":true,"computed":true},"lc_collate":{"type":"string","description":"Default string sort order (LC_COLLATE) of the database. Default value: en_US.UTF-8","description_kind":"plain","optional":true},"lc_ctype":{"type":"string","description":"Default character classification (LC_CTYPE) of the database. Default value: en_US.UTF-8","description_kind":"plain","optional":true},"project":{"type":"string","description":"Project to link the database to","description_kind":"plain","required":true},"service_name":{"type":"string","description":"Service to link the database to","description_kind":"plain","required":true},"termination_protection":{"type":"bool","description":"It is a Terraform client-side deletion protections, which prevents the database\n\t\t\tfrom being deleted by Terraform. It is recommended to enable this for any production\n\t\t\tdatabases containing critical data.","description_kind":"plain","optional":true}},"description_kind":"plain"}},"aiven_elasticsearch":{"version":0,"block":{"attributes":{"cloud_name":{"type":"string","description":"Cloud the service runs in","description_kind":"plain","optional":true},"id":{"type":"string","description_kind":"plain","optional":true,"computed":true},"maintenance_window_dow":{"type":"string","description":"Day of week when maintenance operations should be performed. One monday, tuesday, wednesday, etc.","description_kind":"plain","optional":true},"maintenance_window_time":{"type":"string","description":"Time of day when maintenance operations should be performed. UTC time in HH:mm:ss format.","description_kind":"plain","optional":true},"plan":{"type":"string","description":"Subscription plan","description_kind":"plain","optional":true},"project":{"type":"string","description":"Target project","description_kind":"plain","required":true},"project_vpc_id":{"type":"string","description":"Identifier of the VPC the service should be in, if any","description_kind":"plain","optional":true},"service_host":{"type":"string","description":"Service hostname","description_kind":"plain","optional":true,"computed":true},"service_name":{"type":"string","description":"Service name","description_kind":"plain","required":true},"service_password":{"type":"string","description":"Password used for connecting to the service, if applicable","description_kind":"plain","optional":true,"computed":true,"sensitive":true},"service_port":{"type":"number","description":"Service port","description_kind":"plain","optional":true,"computed":true},"service_type":{"type":"string","description":"Aiven internal service type code","description_kind":"plain","optional":true,"computed":true},"service_uri":{"type":"string","description":"URI for connecting to the service. Service specific info is under \"kafka\", \"pg\", etc.","description_kind":"plain","optional":true,"computed":true,"sensitive":true},"service_username":{"type":"string","description":"Username used for connecting to the service, if applicable","description_kind":"plain","optional":true,"computed":true},"state":{"type":"string","description":"Service state","description_kind":"plain","optional":true,"computed":true},"termination_protection":{"type":"bool","description":"Prevent service from being deleted. It is recommended to have this enabled for all services.","description_kind":"plain","optional":true}},"block_types":{"components":{"nesting_mode":"list","block":{"attributes":{"component":{"type":"string","description":"Service component name","description_kind":"plain","computed":true},"host":{"type":"string","description":"DNS name for connecting to the service component","description_kind":"plain","computed":true},"kafka_authentication_method":{"type":"string","description":"Kafka authentication method. This is a value specific to the 'kafka' service component","description_kind":"plain","optional":true,"computed":true},"port":{"type":"number","description":"Port number for connecting to the service component","description_kind":"plain","computed":true},"route":{"type":"string","description":"Network access route","description_kind":"plain","computed":true},"ssl":{"type":"bool","description":"Whether the endpoint is encrypted or accepts plaintext. By default endpoints are always encrypted and this property is only included for service components they may disable encryption","description_kind":"plain","computed":true},"usage":{"type":"string","description":"DNS usage name","description_kind":"plain","computed":true}},"description":"Service component information objects","description_kind":"plain"}},"elasticsearch":{"nesting_mode":"list","block":{"attributes":{"kibana_uri":{"type":"string","description":"URI for Kibana frontend","description_kind":"plain","computed":true,"sensitive":true}},"description":"Elasticsearch server provided values","description_kind":"plain"},"max_items":1},"elasticsearch_user_config":{"nesting_mode":"list","block":{"attributes":{"custom_domain":{"type":"string","description":"Custom domain","description_kind":"plain","optional":true},"disable_replication_factor_adjustment":{"type":"string","description":"Disable replication factor adjustment","description_kind":"plain","optional":true},"elasticsearch_version":{"type":"string","description":"Elasticsearch major version","description_kind":"plain","optional":true},"ip_filter":{"type":["list","string"],"description":"IP filter","description_kind":"plain","optional":true},"max_index_count":{"type":"string","description":"Maximum index count","description_kind":"plain","optional":true},"recovery_basebackup_name":{"type":"string","description":"Name of the basebackup to restore in forked service","description_kind":"plain","optional":true},"service_to_fork_from":{"type":"string","description":"Name of another service to fork from. This has effect only when a new service is being created.","description_kind":"plain","optional":true}},"block_types":{"elasticsearch":{"nesting_mode":"list","block":{"attributes":{"action_auto_create_index_enabled":{"type":"string","description":"action.auto_create_index","description_kind":"plain","optional":true},"action_destructive_requires_name":{"type":"string","description":"Require explicit index names when deleting","description_kind":"plain","optional":true},"http_max_content_length":{"type":"string","description":"http.max_content_length","description_kind":"plain","optional":true},"http_max_header_size":{"type":"string","description":"http.max_header_size","description_kind":"plain","optional":true},"http_max_initial_line_length":{"type":"string","description":"http.max_initial_line_length","description_kind":"plain","optional":true},"indices_fielddata_cache_size":{"type":"string","description":"indices.fielddata.cache.size","description_kind":"plain","optional":true},"indices_memory_index_buffer_size":{"type":"string","description":"indices.memory.index_buffer_size","description_kind":"plain","optional":true},"indices_queries_cache_size":{"type":"string","description":"indices.queries.cache.size","description_kind":"plain","optional":true},"indices_query_bool_max_clause_count":{"type":"string","description":"indices.query.bool.max_clause_count","description_kind":"plain","optional":true},"reindex_remote_whitelist":{"type":["list","string"],"description":"reindex_remote_whitelist","description_kind":"plain","optional":true},"search_max_buckets":{"type":"string","description":"search.max_buckets","description_kind":"plain","optional":true},"thread_pool_analyze_queue_size":{"type":"string","description":"analyze thread pool queue size","description_kind":"plain","optional":true},"thread_pool_analyze_size":{"type":"string","description":"analyze thread pool size","description_kind":"plain","optional":true},"thread_pool_force_merge_size":{"type":"string","description":"force_merge thread pool size","description_kind":"plain","optional":true},"thread_pool_get_queue_size":{"type":"string","description":"get thread pool queue size","description_kind":"plain","optional":true},"thread_pool_get_size":{"type":"string","description":"get thread pool size","description_kind":"plain","optional":true},"thread_pool_index_queue_size":{"type":"string","description":"index thread pool queue size","description_kind":"plain","optional":true},"thread_pool_index_size":{"type":"string","description":"index thread pool size","description_kind":"plain","optional":true},"thread_pool_search_queue_size":{"type":"string","description":"search thread pool queue size","description_kind":"plain","optional":true},"thread_pool_search_size":{"type":"string","description":"search thread pool size","description_kind":"plain","optional":true},"thread_pool_search_throttled_queue_size":{"type":"string","description":"search_throttled thread pool queue size","description_kind":"plain","optional":true},"thread_pool_search_throttled_size":{"type":"string","description":"search_throttled thread pool size","description_kind":"plain","optional":true},"thread_pool_write_queue_size":{"type":"string","description":"write thread pool queue size","description_kind":"plain","optional":true},"thread_pool_write_size":{"type":"string","description":"write thread pool size","description_kind":"plain","optional":true}},"description":"Elasticsearch settings","description_kind":"plain"},"max_items":1},"index_patterns":{"nesting_mode":"list","block":{"attributes":{"max_index_count":{"type":"string","description":"Maximum number of indexes to keep","description_kind":"plain","optional":true},"pattern":{"type":"string","description":"fnmatch pattern","description_kind":"plain","optional":true}},"description":"Index patterns","description_kind":"plain"},"max_items":512},"kibana":{"nesting_mode":"list","block":{"attributes":{"elasticsearch_request_timeout":{"type":"string","description":"Timeout in milliseconds for requests made by Kibana towards Elasticsearch","description_kind":"plain","optional":true},"enabled":{"type":"string","description":"Enable or disable Kibana","description_kind":"plain","optional":true},"max_old_space_size":{"type":"string","description":"max_old_space_size","description_kind":"plain","optional":true}},"description":"Kibana settings","description_kind":"plain"},"max_items":1},"private_access":{"nesting_mode":"list","block":{"attributes":{"elasticsearch":{"type":"string","description":"Allow clients to connect to elasticsearch with a DNS name that always resolves to the service's private IP addresses. Only available in certain network locations","description_kind":"plain","optional":true},"kibana":{"type":"string","description":"Allow clients to connect to kibana with a DNS name that always resolves to the service's private IP addresses. Only available in certain network locations","description_kind":"plain","optional":true},"prometheus":{"type":"string","description":"Allow clients to connect to prometheus with a DNS name that always resolves to the service's private IP addresses. Only available in certain network locations","description_kind":"plain","optional":true}},"description":"Allow access to selected service ports from private networks","description_kind":"plain"},"max_items":1},"public_access":{"nesting_mode":"list","block":{"attributes":{"elasticsearch":{"type":"string","description":"Allow clients to connect to elasticsearch from the public internet for service nodes that are in a project VPC or another type of private network","description_kind":"plain","optional":true},"kibana":{"type":"string","description":"Allow clients to connect to kibana from the public internet for service nodes that are in a project VPC or another type of private network","description_kind":"plain","optional":true},"prometheus":{"type":"string","description":"Allow clients to connect to prometheus from the public internet for service nodes that are in a project VPC or another type of private network","description_kind":"plain","optional":true}},"description":"Allow access to selected service ports from the public Internet","description_kind":"plain"},"max_items":1}},"description":"Elasticsearch user configurable settings","description_kind":"plain"},"max_items":1},"service_integrations":{"nesting_mode":"list","block":{"attributes":{"integration_type":{"type":"string","description":"Type of the service integration. The only supported value at the moment is 'read_replica'","description_kind":"plain","required":true},"source_service_name":{"type":"string","description":"Name of the source service","description_kind":"plain","required":true}},"description":"Service integrations to specify when creating a service. Not applied after initial service creation","description_kind":"plain"}}},"description_kind":"plain"}},"aiven_elasticsearch_acl":{"version":0,"block":{"attributes":{"enabled":{"type":"bool","description":"Enable Elasticsearch ACLs. When disabled authenticated service users have unrestricted access","description_kind":"plain","optional":true},"extended_acl":{"type":"bool","description":"Index rules can be applied in a limited fashion to the _mget, _msearch and _bulk APIs (and only those) by enabling the ExtendedAcl option for the service. When it is enabled, users can use these APIs as long as all operations only target indexes they have been granted access to","description_kind":"plain","optional":true},"id":{"type":"string","description_kind":"plain","optional":true,"computed":true},"project":{"type":"string","description":"Project to link the Elasticsearch ACLs to","description_kind":"plain","required":true},"service_name":{"type":"string","description":"Service to link the Elasticsearch ACLs to","description_kind":"plain","required":true}},"block_types":{"acl":{"nesting_mode":"set","block":{"attributes":{"username":{"type":"string","description":"Username for the ACL entry","description_kind":"plain","required":true}},"block_types":{"rule":{"nesting_mode":"set","block":{"attributes":{"index":{"type":"string","description":"Elasticsearch index pattern","description_kind":"plain","required":true},"permission":{"type":"string","description":"Elasticsearch permission","description_kind":"plain","required":true}},"description":"Elasticsearch rules","description_kind":"plain"},"min_items":1}},"description":"List of Elasticsearch ACLs","description_kind":"plain"}}},"description_kind":"plain"}},"aiven_grafana":{"version":0,"block":{"attributes":{"cloud_name":{"type":"string","description":"Cloud the service runs in","description_kind":"plain","optional":true},"id":{"type":"string","description_kind":"plain","optional":true,"computed":true},"maintenance_window_dow":{"type":"string","description":"Day of week when maintenance operations should be performed. One monday, tuesday, wednesday, etc.","description_kind":"plain","optional":true},"maintenance_window_time":{"type":"string","description":"Time of day when maintenance operations should be performed. UTC time in HH:mm:ss format.","description_kind":"plain","optional":true},"plan":{"type":"string","description":"Subscription plan","description_kind":"plain","optional":true},"project":{"type":"string","description":"Target project","description_kind":"plain","required":true},"project_vpc_id":{"type":"string","description":"Identifier of the VPC the service should be in, if any","description_kind":"plain","optional":true},"service_host":{"type":"string","description":"Service hostname","description_kind":"plain","optional":true,"computed":true},"service_name":{"type":"string","description":"Service name","description_kind":"plain","required":true},"service_password":{"type":"string","description":"Password used for connecting to the service, if applicable","description_kind":"plain","optional":true,"computed":true,"sensitive":true},"service_port":{"type":"number","description":"Service port","description_kind":"plain","optional":true,"computed":true},"service_type":{"type":"string","description":"Aiven internal service type code","description_kind":"plain","optional":true,"computed":true},"service_uri":{"type":"string","description":"URI for connecting to the service. Service specific info is under \"kafka\", \"pg\", etc.","description_kind":"plain","optional":true,"computed":true,"sensitive":true},"service_username":{"type":"string","description":"Username used for connecting to the service, if applicable","description_kind":"plain","optional":true,"computed":true},"state":{"type":"string","description":"Service state","description_kind":"plain","optional":true,"computed":true},"termination_protection":{"type":"bool","description":"Prevent service from being deleted. It is recommended to have this enabled for all services.","description_kind":"plain","optional":true}},"block_types":{"components":{"nesting_mode":"list","block":{"attributes":{"component":{"type":"string","description":"Service component name","description_kind":"plain","computed":true},"host":{"type":"string","description":"DNS name for connecting to the service component","description_kind":"plain","computed":true},"kafka_authentication_method":{"type":"string","description":"Kafka authentication method. This is a value specific to the 'kafka' service component","description_kind":"plain","optional":true,"computed":true},"port":{"type":"number","description":"Port number for connecting to the service component","description_kind":"plain","computed":true},"route":{"type":"string","description":"Network access route","description_kind":"plain","computed":true},"ssl":{"type":"bool","description":"Whether the endpoint is encrypted or accepts plaintext. By default endpoints are always encrypted and this property is only included for service components they may disable encryption","description_kind":"plain","computed":true},"usage":{"type":"string","description":"DNS usage name","description_kind":"plain","computed":true}},"description":"Service component information objects","description_kind":"plain"}},"grafana":{"nesting_mode":"list","block":{"description":"Grafana server provided values","description_kind":"plain"},"max_items":1},"grafana_user_config":{"nesting_mode":"list","block":{"attributes":{"alerting_enabled":{"type":"string","description":"Enable or disable Grafana alerting functionality","description_kind":"plain","optional":true},"alerting_error_or_timeout":{"type":"string","description":"Default error or timeout setting for new alerting rules","description_kind":"plain","optional":true},"alerting_nodata_or_nullvalues":{"type":"string","description":"Default value for 'no data or null values' for new alerting rules","description_kind":"plain","optional":true},"allow_embedding":{"type":"string","description":"Allow embedding Grafana dashboards with iframe/frame/object/embed tags. Disabled by default to limit impact of clickjacking","description_kind":"plain","optional":true},"auth_basic_enabled":{"type":"string","description":"Enable or disable basic authentication form, used by Grafana built-in login","description_kind":"plain","optional":true},"cookie_samesite":{"type":"string","description":"Cookie SameSite attribute: 'strict' prevents sending cookie for cross-site requests, effectively disabling direct linking from other sites to Grafana. 'lax' is the default value.","description_kind":"plain","optional":true},"custom_domain":{"type":"string","description":"Custom domain","description_kind":"plain","optional":true},"dashboards_versions_to_keep":{"type":"string","description":"Dashboard versions to keep per dashboard","description_kind":"plain","optional":true},"dataproxy_send_user_header":{"type":"string","description":"Send 'X-Grafana-User' header to data source","description_kind":"plain","optional":true},"dataproxy_timeout":{"type":"string","description":"Timeout for data proxy requests in seconds","description_kind":"plain","optional":true},"disable_gravatar":{"type":"string","description":"Set to true to disable gravatar. Defaults to false (gravatar is enabled)","description_kind":"plain","optional":true},"editors_can_admin":{"type":"string","description":"Editors can manage folders, teams and dashboards created by them","description_kind":"plain","optional":true},"google_analytics_ua_id":{"type":"string","description":"Google Analytics Universal Analytics ID for tracking Grafana usage","description_kind":"plain","optional":true},"ip_filter":{"type":["list","string"],"description":"IP filter","description_kind":"plain","optional":true},"metrics_enabled":{"type":"string","description":"Enable Grafana /metrics endpoint","description_kind":"plain","optional":true},"user_auto_assign_org":{"type":"string","description":"Auto-assign new users on signup to main organization. Defaults to false","description_kind":"plain","optional":true},"user_auto_assign_org_role":{"type":"string","description":"Set role for new signups. Defaults to Viewer","description_kind":"plain","optional":true},"viewers_can_edit":{"type":"string","description":"Users with view-only permission can edit but not save dashboards","description_kind":"plain","optional":true}},"block_types":{"auth_generic_oauth":{"nesting_mode":"list","block":{"attributes":{"allow_sign_up":{"type":"string","description":"Automatically sign-up users on successful sign-in","description_kind":"plain","optional":true},"allowed_domains":{"type":["list","string"],"description":"Allowed domains","description_kind":"plain","optional":true},"allowed_organizations":{"type":["list","string"],"description":"Require user to be member of one of the listed organizations","description_kind":"plain","optional":true},"api_url":{"type":"string","description":"API URL","description_kind":"plain","optional":true},"auth_url":{"type":"string","description":"Authorization URL","description_kind":"plain","optional":true},"client_id":{"type":"string","description":"Client ID from provider","description_kind":"plain","optional":true},"client_secret":{"type":"string","description":"Client secret from provider","description_kind":"plain","optional":true},"name":{"type":"string","description":"Name of the OAuth integration","description_kind":"plain","optional":true},"scopes":{"type":["list","string"],"description":"OAuth scopes","description_kind":"plain","optional":true},"token_url":{"type":"string","description":"Token URL","description_kind":"plain","optional":true}},"description":"Generic OAuth integration","description_kind":"plain"},"max_items":1},"auth_github":{"nesting_mode":"list","block":{"attributes":{"allow_sign_up":{"type":"string","description":"Automatically sign-up users on successful sign-in","description_kind":"plain","optional":true},"allowed_organizations":{"type":["list","string"],"description":"Require users to belong to one of given organizations","description_kind":"plain","optional":true},"client_id":{"type":"string","description":"Client ID from provider","description_kind":"plain","optional":true},"client_secret":{"type":"string","description":"Client secret from provider","description_kind":"plain","optional":true},"team_ids":{"type":["list","string"],"description":"Require users to belong to one of given team IDs","description_kind":"plain","optional":true}},"description":"Github Auth integration","description_kind":"plain"},"max_items":1},"auth_gitlab":{"nesting_mode":"list","block":{"attributes":{"allow_sign_up":{"type":"string","description":"Automatically sign-up users on successful sign-in","description_kind":"plain","optional":true},"allowed_groups":{"type":["list","string"],"description":"Require users to belong to one of given groups","description_kind":"plain","optional":true},"api_url":{"type":"string","description":"API URL. This only needs to be set when using self hosted GitLab","description_kind":"plain","optional":true},"auth_url":{"type":"string","description":"Authorization URL. This only needs to be set when using self hosted GitLab","description_kind":"plain","optional":true},"client_id":{"type":"string","description":"Client ID from provider","description_kind":"plain","optional":true},"client_secret":{"type":"string","description":"Client secret from provider","description_kind":"plain","optional":true},"token_url":{"type":"string","description":"Token URL. This only needs to be set when using self hosted GitLab","description_kind":"plain","optional":true}},"description":"GitLab Auth integration","description_kind":"plain"},"max_items":1},"auth_google":{"nesting_mode":"list","block":{"attributes":{"allow_sign_up":{"type":"string","description":"Automatically sign-up users on successful sign-in","description_kind":"plain","optional":true},"allowed_domains":{"type":["list","string"],"description":"Domains allowed to sign-in to this Grafana","description_kind":"plain","optional":true},"client_id":{"type":"string","description":"Client ID from provider","description_kind":"plain","optional":true},"client_secret":{"type":"string","description":"Client secret from provider","description_kind":"plain","optional":true}},"description":"Google Auth integration","description_kind":"plain"},"max_items":1},"external_image_storage":{"nesting_mode":"list","block":{"attributes":{"access_key":{"type":"string","description":"S3 access key. Requires permissions to the S3 bucket for the s3:PutObject and s3:PutObjectAcl actions","description_kind":"plain","optional":true},"bucket_url":{"type":"string","description":"Bucket URL for S3","description_kind":"plain","optional":true},"provider":{"type":"string","description":"Provider type","description_kind":"plain","optional":true},"secret_key":{"type":"string","description":"S3 secret key","description_kind":"plain","optional":true}},"description":"External image store settings","description_kind":"plain"},"max_items":1},"private_access":{"nesting_mode":"list","block":{"attributes":{"grafana":{"type":"string","description":"Allow clients to connect to grafana with a DNS name that always resolves to the service's private IP addresses. Only available in certain network locations","description_kind":"plain","optional":true}},"description":"Allow access to selected service ports from private networks","description_kind":"plain"},"max_items":1},"public_access":{"nesting_mode":"list","block":{"attributes":{"grafana":{"type":"string","description":"Allow clients to connect to grafana from the public internet for service nodes that are in a project VPC or another type of private network","description_kind":"plain","optional":true}},"description":"Allow access to selected service ports from the public Internet","description_kind":"plain"},"max_items":1},"smtp_server":{"nesting_mode":"list","block":{"attributes":{"from_address":{"type":"string","description":"Address used for sending emails","description_kind":"plain","optional":true},"from_name":{"type":"string","description":"Name used in outgoing emails, defaults to Grafana","description_kind":"plain","optional":true},"host":{"type":"string","description":"Server hostname or IP","description_kind":"plain","optional":true},"password":{"type":"string","description":"Password for SMTP authentication","description_kind":"plain","optional":true,"sensitive":true},"port":{"type":"string","description":"SMTP server port","description_kind":"plain","optional":true},"skip_verify":{"type":"string","description":"Skip verifying server certificate. Defaults to false","description_kind":"plain","optional":true},"username":{"type":"string","description":"Username for SMTP authentication","description_kind":"plain","optional":true}},"description":"SMTP server settings","description_kind":"plain"},"max_items":1}},"description":"Grafana user configurable settings","description_kind":"plain"},"max_items":1},"service_integrations":{"nesting_mode":"list","block":{"attributes":{"integration_type":{"type":"string","description":"Type of the service integration. The only supported value at the moment is 'read_replica'","description_kind":"plain","required":true},"source_service_name":{"type":"string","description":"Name of the source service","description_kind":"plain","required":true}},"description":"Service integrations to specify when creating a service. Not applied after initial service creation","description_kind":"plain"}}},"description_kind":"plain"}},"aiven_influxdb":{"version":0,"block":{"attributes":{"cloud_name":{"type":"string","description":"Cloud the service runs in","description_kind":"plain","optional":true},"id":{"type":"string","description_kind":"plain","optional":true,"computed":true},"maintenance_window_dow":{"type":"string","description":"Day of week when maintenance operations should be performed. One monday, tuesday, wednesday, etc.","description_kind":"plain","optional":true},"maintenance_window_time":{"type":"string","description":"Time of day when maintenance operations should be performed. UTC time in HH:mm:ss format.","description_kind":"plain","optional":true},"plan":{"type":"string","description":"Subscription plan","description_kind":"plain","optional":true},"project":{"type":"string","description":"Target project","description_kind":"plain","required":true},"project_vpc_id":{"type":"string","description":"Identifier of the VPC the service should be in, if any","description_kind":"plain","optional":true},"service_host":{"type":"string","description":"Service hostname","description_kind":"plain","optional":true,"computed":true},"service_name":{"type":"string","description":"Service name","description_kind":"plain","required":true},"service_password":{"type":"string","description":"Password used for connecting to the service, if applicable","description_kind":"plain","optional":true,"computed":true,"sensitive":true},"service_port":{"type":"number","description":"Service port","description_kind":"plain","optional":true,"computed":true},"service_type":{"type":"string","description":"Aiven internal service type code","description_kind":"plain","optional":true,"computed":true},"service_uri":{"type":"string","description":"URI for connecting to the service. Service specific info is under \"kafka\", \"pg\", etc.","description_kind":"plain","optional":true,"computed":true,"sensitive":true},"service_username":{"type":"string","description":"Username used for connecting to the service, if applicable","description_kind":"plain","optional":true,"computed":true},"state":{"type":"string","description":"Service state","description_kind":"plain","optional":true,"computed":true},"termination_protection":{"type":"bool","description":"Prevent service from being deleted. It is recommended to have this enabled for all services.","description_kind":"plain","optional":true}},"block_types":{"components":{"nesting_mode":"list","block":{"attributes":{"component":{"type":"string","description":"Service component name","description_kind":"plain","computed":true},"host":{"type":"string","description":"DNS name for connecting to the service component","description_kind":"plain","computed":true},"kafka_authentication_method":{"type":"string","description":"Kafka authentication method. This is a value specific to the 'kafka' service component","description_kind":"plain","optional":true,"computed":true},"port":{"type":"number","description":"Port number for connecting to the service component","description_kind":"plain","computed":true},"route":{"type":"string","description":"Network access route","description_kind":"plain","computed":true},"ssl":{"type":"bool","description":"Whether the endpoint is encrypted or accepts plaintext. By default endpoints are always encrypted and this property is only included for service components they may disable encryption","description_kind":"plain","computed":true},"usage":{"type":"string","description":"DNS usage name","description_kind":"plain","computed":true}},"description":"Service component information objects","description_kind":"plain"}},"influxdb":{"nesting_mode":"list","block":{"attributes":{"database_name":{"type":"string","description":"Name of the default InfluxDB database","description_kind":"plain","computed":true}},"description":"InfluxDB server provided values","description_kind":"plain"},"max_items":1},"influxdb_user_config":{"nesting_mode":"list","block":{"attributes":{"custom_domain":{"type":"string","description":"Custom domain","description_kind":"plain","optional":true},"ip_filter":{"type":["list","string"],"description":"IP filter","description_kind":"plain","optional":true},"service_to_fork_from":{"type":"string","description":"Name of another service to fork from. This has effect only when a new service is being created.","description_kind":"plain","optional":true}},"block_types":{"private_access":{"nesting_mode":"list","block":{"attributes":{"influxdb":{"type":"string","description":"Allow clients to connect to influxdb with a DNS name that always resolves to the service's private IP addresses. Only available in certain network locations","description_kind":"plain","optional":true}},"description":"Allow access to selected service ports from private networks","description_kind":"plain"},"max_items":1},"public_access":{"nesting_mode":"list","block":{"attributes":{"influxdb":{"type":"string","description":"Allow clients to connect to influxdb from the public internet for service nodes that are in a project VPC or another type of private network","description_kind":"plain","optional":true}},"description":"Allow access to selected service ports from the public Internet","description_kind":"plain"},"max_items":1}},"description":"InfluxDB user configurable settings","description_kind":"plain"},"max_items":1},"service_integrations":{"nesting_mode":"list","block":{"attributes":{"integration_type":{"type":"string","description":"Type of the service integration. The only supported value at the moment is 'read_replica'","description_kind":"plain","required":true},"source_service_name":{"type":"string","description":"Name of the source service","description_kind":"plain","required":true}},"description":"Service integrations to specify when creating a service. Not applied after initial service creation","description_kind":"plain"}}},"description_kind":"plain"}},"aiven_kafka":{"version":0,"block":{"attributes":{"cloud_name":{"type":"string","description":"Cloud the service runs in","description_kind":"plain","optional":true},"default_acl":{"type":"bool","description":"Create default wildcard Kafka ACL","description_kind":"plain","optional":true},"id":{"type":"string","description_kind":"plain","optional":true,"computed":true},"maintenance_window_dow":{"type":"string","description":"Day of week when maintenance operations should be performed. One monday, tuesday, wednesday, etc.","description_kind":"plain","optional":true},"maintenance_window_time":{"type":"string","description":"Time of day when maintenance operations should be performed. UTC time in HH:mm:ss format.","description_kind":"plain","optional":true},"plan":{"type":"string","description":"Subscription plan","description_kind":"plain","optional":true},"project":{"type":"string","description":"Target project","description_kind":"plain","required":true},"project_vpc_id":{"type":"string","description":"Identifier of the VPC the service should be in, if any","description_kind":"plain","optional":true},"service_host":{"type":"string","description":"Service hostname","description_kind":"plain","optional":true,"computed":true},"service_name":{"type":"string","description":"Service name","description_kind":"plain","required":true},"service_password":{"type":"string","description":"Password used for connecting to the service, if applicable","description_kind":"plain","optional":true,"computed":true,"sensitive":true},"service_port":{"type":"number","description":"Service port","description_kind":"plain","optional":true,"computed":true},"service_type":{"type":"string","description":"Aiven internal service type code","description_kind":"plain","optional":true,"computed":true},"service_uri":{"type":"string","description":"URI for connecting to the service. Service specific info is under \"kafka\", \"pg\", etc.","description_kind":"plain","optional":true,"computed":true,"sensitive":true},"service_username":{"type":"string","description":"Username used for connecting to the service, if applicable","description_kind":"plain","optional":true,"computed":true},"state":{"type":"string","description":"Service state","description_kind":"plain","optional":true,"computed":true},"termination_protection":{"type":"bool","description":"Prevent service from being deleted. It is recommended to have this enabled for all services.","description_kind":"plain","optional":true}},"block_types":{"components":{"nesting_mode":"list","block":{"attributes":{"component":{"type":"string","description":"Service component name","description_kind":"plain","computed":true},"host":{"type":"string","description":"DNS name for connecting to the service component","description_kind":"plain","computed":true},"kafka_authentication_method":{"type":"string","description":"Kafka authentication method. This is a value specific to the 'kafka' service component","description_kind":"plain","optional":true,"computed":true},"port":{"type":"number","description":"Port number for connecting to the service component","description_kind":"plain","computed":true},"route":{"type":"string","description":"Network access route","description_kind":"plain","computed":true},"ssl":{"type":"bool","description":"Whether the endpoint is encrypted or accepts plaintext. By default endpoints are always encrypted and this property is only included for service components they may disable encryption","description_kind":"plain","computed":true},"usage":{"type":"string","description":"DNS usage name","description_kind":"plain","computed":true}},"description":"Service component information objects","description_kind":"plain"}},"kafka":{"nesting_mode":"list","block":{"attributes":{"access_cert":{"type":"string","description":"The Kafka client certificate","description_kind":"plain","optional":true,"computed":true,"sensitive":true},"access_key":{"type":"string","description":"The Kafka client certificate key","description_kind":"plain","optional":true,"computed":true,"sensitive":true},"connect_uri":{"type":"string","description":"The Kafka Connect URI, if any","description_kind":"plain","optional":true,"computed":true,"sensitive":true},"rest_uri":{"type":"string","description":"The Kafka REST URI, if any","description_kind":"plain","optional":true,"computed":true,"sensitive":true},"schema_registry_uri":{"type":"string","description":"The Schema Registry URI, if any","description_kind":"plain","optional":true,"computed":true,"sensitive":true}},"description":"Kafka server provided values","description_kind":"plain"},"max_items":1},"kafka_user_config":{"nesting_mode":"list","block":{"attributes":{"custom_domain":{"type":"string","description":"Custom domain","description_kind":"plain","optional":true},"ip_filter":{"type":["list","string"],"description":"IP filter","description_kind":"plain","optional":true},"kafka_connect":{"type":"string","description":"Enable Kafka Connect service","description_kind":"plain","optional":true},"kafka_rest":{"type":"string","description":"Enable Kafka-REST service","description_kind":"plain","optional":true},"kafka_version":{"type":"string","description":"Kafka major version","description_kind":"plain","optional":true},"schema_registry":{"type":"string","description":"Enable Schema-Registry service","description_kind":"plain","optional":true}},"block_types":{"kafka":{"nesting_mode":"list","block":{"attributes":{"auto_create_topics_enable":{"type":"string","description":"auto.create.topics.enable","description_kind":"plain","optional":true},"compression_type":{"type":"string","description":"compression.type","description_kind":"plain","optional":true},"connections_max_idle_ms":{"type":"string","description":"connections.max.idle.ms","description_kind":"plain","optional":true},"default_replication_factor":{"type":"string","description":"default.replication.factor","description_kind":"plain","optional":true},"group_max_session_timeout_ms":{"type":"string","description":"group.max.session.timeout.ms","description_kind":"plain","optional":true},"group_min_session_timeout_ms":{"type":"string","description":"group.min.session.timeout.ms","description_kind":"plain","optional":true},"log_cleaner_max_compaction_lag_ms":{"type":"string","description":"log.cleaner.max.compaction.lag.ms","description_kind":"plain","optional":true},"log_cleaner_min_cleanable_ratio":{"type":"string","description":"log.cleaner.min.cleanable.ratio","description_kind":"plain","optional":true},"log_cleaner_min_compaction_lag_ms":{"type":"string","description":"log.cleaner.min.compaction.lag.ms","description_kind":"plain","optional":true},"log_cleanup_policy":{"type":"string","description":"log.cleanup.policy","description_kind":"plain","optional":true},"log_message_timestamp_difference_max_ms":{"type":"string","description":"log.message.timestamp.difference.max.ms","description_kind":"plain","optional":true},"log_message_timestamp_type":{"type":"string","description":"log.message.timestamp.type","description_kind":"plain","optional":true},"log_retention_bytes":{"type":"string","description":"log.retention.bytes","description_kind":"plain","optional":true},"log_retention_hours":{"type":"string","description":"log.retention.hours","description_kind":"plain","optional":true},"log_segment_bytes":{"type":"string","description":"log.segment.bytes","description_kind":"plain","optional":true},"max_connections_per_ip":{"type":"string","description":"max.connections.per.ip","description_kind":"plain","optional":true},"max_incremental_fetch_session_cache_slots":{"type":"string","description":"max.incremental.fetch.session.cache.slots","description_kind":"plain","optional":true},"message_max_bytes":{"type":"string","description":"message.max.bytes","description_kind":"plain","optional":true},"num_partitions":{"type":"string","description":"num.partitions","description_kind":"plain","optional":true},"offsets_retention_minutes":{"type":"string","description":"offsets.retention.minutes","description_kind":"plain","optional":true},"producer_purgatory_purge_interval_requests":{"type":"string","description":"producer.purgatory.purge.interval.requests","description_kind":"plain","optional":true},"replica_fetch_max_bytes":{"type":"string","description":"replica.fetch.max.bytes","description_kind":"plain","optional":true},"replica_fetch_response_max_bytes":{"type":"string","description":"replica.fetch.response.max.bytes","description_kind":"plain","optional":true},"socket_request_max_bytes":{"type":"string","description":"socket.request.max.bytes","description_kind":"plain","optional":true}},"description":"Kafka broker configuration values","description_kind":"plain"},"max_items":1},"kafka_authentication_methods":{"nesting_mode":"list","block":{"attributes":{"certificate":{"type":"string","description":"Enable certificate/SSL authentication","description_kind":"plain","optional":true},"sasl":{"type":"string","description":"Enable SASL authentication","description_kind":"plain","optional":true}},"description":"Kafka authentication methods","description_kind":"plain"},"max_items":1},"kafka_connect_config":{"nesting_mode":"list","block":{"attributes":{"connector_client_config_override_policy":{"type":"string","description":"Client config override policy","description_kind":"plain","optional":true},"consumer_auto_offset_reset":{"type":"string","description":"Consumer auto offset reset","description_kind":"plain","optional":true},"consumer_isolation_level":{"type":"string","description":"Consumer isolation level","description_kind":"plain","optional":true},"consumer_max_poll_interval_ms":{"type":"string","description":"The maximum delay between polls when using consumer group management","description_kind":"plain","optional":true},"consumer_max_poll_records":{"type":"string","description":"The maximum number of records returned by a single poll","description_kind":"plain","optional":true},"offset_flush_interval_ms":{"type":"string","description":"The interval at which to try committing offsets for tasks","description_kind":"plain","optional":true},"offset_flush_timeout_ms":{"type":"string","description":"Offset flush timeout","description_kind":"plain","optional":true},"session_timeout_ms":{"type":"string","description":"The timeout used to detect failures when using Kafka’s group management facilities","description_kind":"plain","optional":true}},"description":"Kafka Connect configuration values","description_kind":"plain"},"max_items":1},"kafka_rest_config":{"nesting_mode":"list","block":{"attributes":{"consumer_enable_auto_commit":{"type":"string","description":"consumer.enable.auto.commit","description_kind":"plain","optional":true},"consumer_request_max_bytes":{"type":"string","description":"consumer.request.max.bytes","description_kind":"plain","optional":true},"consumer_request_timeout_ms":{"type":"string","description":"consumer.request.timeout.ms","description_kind":"plain","optional":true},"producer_acks":{"type":"string","description":"producer.acks","description_kind":"plain","optional":true},"producer_linger_ms":{"type":"string","description":"producer.linger.ms","description_kind":"plain","optional":true},"simpleconsumer_pool_size_max":{"type":"string","description":"simpleconsumer.pool.size.max","description_kind":"plain","optional":true}},"description":"Kafka REST configuration","description_kind":"plain"},"max_items":1},"private_access":{"nesting_mode":"list","block":{"attributes":{"prometheus":{"type":"string","description":"Allow clients to connect to prometheus with a DNS name that always resolves to the service's private IP addresses. Only available in certain network locations","description_kind":"plain","optional":true}},"description":"Allow access to selected service ports from private networks","description_kind":"plain"},"max_items":1},"public_access":{"nesting_mode":"list","block":{"attributes":{"kafka":{"type":"string","description":"Allow clients to connect to kafka from the public internet for service nodes that are in a project VPC or another type of private network","description_kind":"plain","optional":true},"kafka_connect":{"type":"string","description":"Allow clients to connect to kafka_connect from the public internet for service nodes that are in a project VPC or another type of private network","description_kind":"plain","optional":true},"kafka_rest":{"type":"string","description":"Allow clients to connect to kafka_rest from the public internet for service nodes that are in a project VPC or another type of private network","description_kind":"plain","optional":true},"prometheus":{"type":"string","description":"Allow clients to connect to prometheus from the public internet for service nodes that are in a project VPC or another type of private network","description_kind":"plain","optional":true},"schema_registry":{"type":"string","description":"Allow clients to connect to schema_registry from the public internet for service nodes that are in a project VPC or another type of private network","description_kind":"plain","optional":true}},"description":"Allow access to selected service ports from the public Internet","description_kind":"plain"},"max_items":1}},"description":"Kafka user configurable settings","description_kind":"plain"},"max_items":1},"service_integrations":{"nesting_mode":"list","block":{"attributes":{"integration_type":{"type":"string","description":"Type of the service integration. The only supported value at the moment is 'read_replica'","description_kind":"plain","required":true},"source_service_name":{"type":"string","description":"Name of the source service","description_kind":"plain","required":true}},"description":"Service integrations to specify when creating a service. Not applied after initial service creation","description_kind":"plain"}}},"description_kind":"plain"}},"aiven_kafka_acl":{"version":0,"block":{"attributes":{"id":{"type":"string","description_kind":"plain","optional":true,"computed":true},"permission":{"type":"string","description":"Kafka permission to grant (admin, read, readwrite, write)","description_kind":"plain","required":true},"project":{"type":"string","description":"Project to link the Kafka ACL to","description_kind":"plain","required":true},"service_name":{"type":"string","description":"Service to link the Kafka ACL to","description_kind":"plain","required":true},"topic":{"type":"string","description":"Topic name pattern for the ACL entry","description_kind":"plain","required":true},"username":{"type":"string","description":"Username pattern for the ACL entry","description_kind":"plain","required":true}},"description_kind":"plain"}},"aiven_kafka_connect":{"version":0,"block":{"attributes":{"cloud_name":{"type":"string","description":"Cloud the service runs in","description_kind":"plain","optional":true},"id":{"type":"string","description_kind":"plain","optional":true,"computed":true},"maintenance_window_dow":{"type":"string","description":"Day of week when maintenance operations should be performed. One monday, tuesday, wednesday, etc.","description_kind":"plain","optional":true},"maintenance_window_time":{"type":"string","description":"Time of day when maintenance operations should be performed. UTC time in HH:mm:ss format.","description_kind":"plain","optional":true},"plan":{"type":"string","description":"Subscription plan","description_kind":"plain","optional":true},"project":{"type":"string","description":"Target project","description_kind":"plain","required":true},"project_vpc_id":{"type":"string","description":"Identifier of the VPC the service should be in, if any","description_kind":"plain","optional":true},"service_host":{"type":"string","description":"Service hostname","description_kind":"plain","optional":true,"computed":true},"service_name":{"type":"string","description":"Service name","description_kind":"plain","required":true},"service_password":{"type":"string","description":"Password used for connecting to the service, if applicable","description_kind":"plain","optional":true,"computed":true,"sensitive":true},"service_port":{"type":"number","description":"Service port","description_kind":"plain","optional":true,"computed":true},"service_type":{"type":"string","description":"Aiven internal service type code","description_kind":"plain","optional":true,"computed":true},"service_uri":{"type":"string","description":"URI for connecting to the service. Service specific info is under \"kafka\", \"pg\", etc.","description_kind":"plain","optional":true,"computed":true,"sensitive":true},"service_username":{"type":"string","description":"Username used for connecting to the service, if applicable","description_kind":"plain","optional":true,"computed":true},"state":{"type":"string","description":"Service state","description_kind":"plain","optional":true,"computed":true},"termination_protection":{"type":"bool","description":"Prevent service from being deleted. It is recommended to have this enabled for all services.","description_kind":"plain","optional":true}},"block_types":{"components":{"nesting_mode":"list","block":{"attributes":{"component":{"type":"string","description":"Service component name","description_kind":"plain","computed":true},"host":{"type":"string","description":"DNS name for connecting to the service component","description_kind":"plain","computed":true},"kafka_authentication_method":{"type":"string","description":"Kafka authentication method. This is a value specific to the 'kafka' service component","description_kind":"plain","optional":true,"computed":true},"port":{"type":"number","description":"Port number for connecting to the service component","description_kind":"plain","computed":true},"route":{"type":"string","description":"Network access route","description_kind":"plain","computed":true},"ssl":{"type":"bool","description":"Whether the endpoint is encrypted or accepts plaintext. By default endpoints are always encrypted and this property is only included for service components they may disable encryption","description_kind":"plain","computed":true},"usage":{"type":"string","description":"DNS usage name","description_kind":"plain","computed":true}},"description":"Service component information objects","description_kind":"plain"}},"kafka_connect":{"nesting_mode":"list","block":{"description":"Kafka Connect server provided values","description_kind":"plain"},"max_items":1},"kafka_connect_user_config":{"nesting_mode":"list","block":{"attributes":{"ip_filter":{"type":["list","string"],"description":"IP filter","description_kind":"plain","optional":true}},"block_types":{"kafka_connect":{"nesting_mode":"list","block":{"attributes":{"connector_client_config_override_policy":{"type":"string","description":"Client config override policy","description_kind":"plain","optional":true},"consumer_auto_offset_reset":{"type":"string","description":"Consumer auto offset reset","description_kind":"plain","optional":true},"consumer_isolation_level":{"type":"string","description":"Consumer isolation level","description_kind":"plain","optional":true},"consumer_max_poll_interval_ms":{"type":"string","description":"The maximum delay between polls when using consumer group management","description_kind":"plain","optional":true},"consumer_max_poll_records":{"type":"string","description":"The maximum number of records returned by a single poll","description_kind":"plain","optional":true},"offset_flush_interval_ms":{"type":"string","description":"The interval at which to try committing offsets for tasks","description_kind":"plain","optional":true},"offset_flush_timeout_ms":{"type":"string","description":"Offset flush timeout","description_kind":"plain","optional":true},"session_timeout_ms":{"type":"string","description":"The timeout used to detect failures when using Kafka’s group management facilities","description_kind":"plain","optional":true}},"description":"Kafka Connect configuration values","description_kind":"plain"},"max_items":1},"private_access":{"nesting_mode":"list","block":{"attributes":{"kafka_connect":{"type":"string","description":"Allow clients to connect to kafka_connect with a DNS name that always resolves to the service's private IP addresses. Only available in certain network locations","description_kind":"plain","optional":true},"prometheus":{"type":"string","description":"Allow clients to connect to prometheus with a DNS name that always resolves to the service's private IP addresses. Only available in certain network locations","description_kind":"plain","optional":true}},"description":"Allow access to selected service ports from private networks","description_kind":"plain"},"max_items":1},"public_access":{"nesting_mode":"list","block":{"attributes":{"kafka_connect":{"type":"string","description":"Allow clients to connect to kafka_connect from the public internet for service nodes that are in a project VPC or another type of private network","description_kind":"plain","optional":true},"prometheus":{"type":"string","description":"Allow clients to connect to prometheus from the public internet for service nodes that are in a project VPC or another type of private network","description_kind":"plain","optional":true}},"description":"Allow access to selected service ports from the public Internet","description_kind":"plain"},"max_items":1}},"description":"Kafka Connect user configurable settings","description_kind":"plain"},"max_items":1},"service_integrations":{"nesting_mode":"list","block":{"attributes":{"integration_type":{"type":"string","description":"Type of the service integration. The only supported value at the moment is 'read_replica'","description_kind":"plain","required":true},"source_service_name":{"type":"string","description":"Name of the source service","description_kind":"plain","required":true}},"description":"Service integrations to specify when creating a service. Not applied after initial service creation","description_kind":"plain"}}},"description_kind":"plain"}},"aiven_kafka_connector":{"version":0,"block":{"attributes":{"config":{"type":["map","string"],"description":"Kafka Connector configuration parameters","description_kind":"plain","optional":true},"connector_name":{"type":"string","description":"Kafka connector name","description_kind":"plain","required":true},"id":{"type":"string","description_kind":"plain","optional":true,"computed":true},"plugin_author":{"type":"string","description":"Kafka connector author","description_kind":"plain","optional":true,"computed":true},"plugin_class":{"type":"string","description":"Kafka connector Java class","description_kind":"plain","optional":true,"computed":true},"plugin_doc_url":{"type":"string","description":"Kafka connector documentation URL","description_kind":"plain","optional":true,"computed":true},"plugin_title":{"type":"string","description":"Kafka connector title","description_kind":"plain","optional":true,"computed":true},"plugin_type":{"type":"string","description":"Kafka connector type","description_kind":"plain","optional":true,"computed":true},"plugin_version":{"type":"string","description":"Kafka connector version","description_kind":"plain","optional":true,"computed":true},"project":{"type":"string","description":"Project to link the kafka connector to","description_kind":"plain","required":true},"service_name":{"type":"string","description":"Service to link the kafka connector to","description_kind":"plain","required":true}},"block_types":{"task":{"nesting_mode":"set","block":{"attributes":{"connector":{"type":"string","description":"Related connector name","description_kind":"plain","computed":true},"task":{"type":"number","description":"Task id / number","description_kind":"plain","computed":true}},"description":"List of tasks of a connector","description_kind":"plain"}}},"description_kind":"plain"}},"aiven_kafka_mirrormaker":{"version":0,"block":{"attributes":{"cloud_name":{"type":"string","description":"Cloud the service runs in","description_kind":"plain","optional":true},"id":{"type":"string","description_kind":"plain","optional":true,"computed":true},"maintenance_window_dow":{"type":"string","description":"Day of week when maintenance operations should be performed. One monday, tuesday, wednesday, etc.","description_kind":"plain","optional":true},"maintenance_window_time":{"type":"string","description":"Time of day when maintenance operations should be performed. UTC time in HH:mm:ss format.","description_kind":"plain","optional":true},"plan":{"type":"string","description":"Subscription plan","description_kind":"plain","optional":true},"project":{"type":"string","description":"Target project","description_kind":"plain","required":true},"project_vpc_id":{"type":"string","description":"Identifier of the VPC the service should be in, if any","description_kind":"plain","optional":true},"service_host":{"type":"string","description":"Service hostname","description_kind":"plain","optional":true,"computed":true},"service_name":{"type":"string","description":"Service name","description_kind":"plain","required":true},"service_password":{"type":"string","description":"Password used for connecting to the service, if applicable","description_kind":"plain","optional":true,"computed":true,"sensitive":true},"service_port":{"type":"number","description":"Service port","description_kind":"plain","optional":true,"computed":true},"service_type":{"type":"string","description":"Aiven internal service type code","description_kind":"plain","optional":true,"computed":true},"service_uri":{"type":"string","description":"URI for connecting to the service. Service specific info is under \"kafka\", \"pg\", etc.","description_kind":"plain","optional":true,"computed":true,"sensitive":true},"service_username":{"type":"string","description":"Username used for connecting to the service, if applicable","description_kind":"plain","optional":true,"computed":true},"state":{"type":"string","description":"Service state","description_kind":"plain","optional":true,"computed":true},"termination_protection":{"type":"bool","description":"Prevent service from being deleted. It is recommended to have this enabled for all services.","description_kind":"plain","optional":true}},"block_types":{"components":{"nesting_mode":"list","block":{"attributes":{"component":{"type":"string","description":"Service component name","description_kind":"plain","computed":true},"host":{"type":"string","description":"DNS name for connecting to the service component","description_kind":"plain","computed":true},"kafka_authentication_method":{"type":"string","description":"Kafka authentication method. This is a value specific to the 'kafka' service component","description_kind":"plain","optional":true,"computed":true},"port":{"type":"number","description":"Port number for connecting to the service component","description_kind":"plain","computed":true},"route":{"type":"string","description":"Network access route","description_kind":"plain","computed":true},"ssl":{"type":"bool","description":"Whether the endpoint is encrypted or accepts plaintext. By default endpoints are always encrypted and this property is only included for service components they may disable encryption","description_kind":"plain","computed":true},"usage":{"type":"string","description":"DNS usage name","description_kind":"plain","computed":true}},"description":"Service component information objects","description_kind":"plain"}},"kafka_mirrormaker":{"nesting_mode":"list","block":{"description":"Kafka MirrorMaker 2 server provided values","description_kind":"plain"},"max_items":1},"kafka_mirrormaker_user_config":{"nesting_mode":"list","block":{"attributes":{"ip_filter":{"type":["list","string"],"description":"IP filter","description_kind":"plain","optional":true}},"block_types":{"kafka_mirrormaker":{"nesting_mode":"list","block":{"attributes":{"refresh_groups_enabled":{"type":"string","description":"Refresh consumer groups","description_kind":"plain","optional":true},"refresh_groups_interval_seconds":{"type":"string","description":"Frequency of group refresh","description_kind":"plain","optional":true},"refresh_topics_enabled":{"type":"string","description":"Refresh topics and partitions","description_kind":"plain","optional":true},"refresh_topics_interval_seconds":{"type":"string","description":"Frequency of topic and partitions refresh","description_kind":"plain","optional":true}},"description":"Kafka MirrorMaker configuration values","description_kind":"plain"},"max_items":1}},"description":"Kafka MirrorMaker 2 specific user configurable settings","description_kind":"plain"},"max_items":1},"service_integrations":{"nesting_mode":"list","block":{"attributes":{"integration_type":{"type":"string","description":"Type of the service integration. The only supported value at the moment is 'read_replica'","description_kind":"plain","required":true},"source_service_name":{"type":"string","description":"Name of the source service","description_kind":"plain","required":true}},"description":"Service integrations to specify when creating a service. Not applied after initial service creation","description_kind":"plain"}}},"description_kind":"plain"}},"aiven_kafka_schema":{"version":0,"block":{"attributes":{"id":{"type":"string","description_kind":"plain","optional":true,"computed":true},"project":{"type":"string","description":"Project to link the Kafka Schema to","description_kind":"plain","required":true},"schema":{"type":"string","description":"Kafka Schema configuration should be a valid Avro Schema JSON format","description_kind":"plain","optional":true},"service_name":{"type":"string","description":"Service to link the Kafka Schema to","description_kind":"plain","required":true},"subject_name":{"type":"string","description":"Kafka Schema Subject name","description_kind":"plain","required":true},"version":{"type":"number","description":"Kafka Schema configuration version","description_kind":"plain","optional":true,"computed":true}},"description_kind":"plain"}},"aiven_kafka_schema_configuration":{"version":0,"block":{"attributes":{"id":{"type":"string","description_kind":"plain","optional":true,"computed":true},"project":{"type":"string","description":"Project to link the Kafka Schema to","description_kind":"plain","required":true},"schema":{"type":"string","description":"Kafka Schema configuration should be a valid Avro Schema JSON format","description_kind":"plain","optional":true},"service_name":{"type":"string","description":"Service to link the Kafka Schema to","description_kind":"plain","required":true},"subject_name":{"type":"string","description":"Kafka Schema Subject name","description_kind":"plain","optional":true},"version":{"type":"number","description":"Kafka Schema configuration version","description_kind":"plain","optional":true,"computed":true}},"description_kind":"plain"}},"aiven_kafka_topic":{"version":0,"block":{"attributes":{"cleanup_policy":{"type":"string","description":"Topic cleanup policy. Allowed values: delete, compact","description_kind":"plain","optional":true},"id":{"type":"string","description_kind":"plain","optional":true,"computed":true},"minimum_in_sync_replicas":{"type":"number","description":"Minimum required nodes in-sync replicas (ISR) to produce to a partition","description_kind":"plain","optional":true},"partitions":{"type":"number","description":"Number of partitions to create in the topic","description_kind":"plain","optional":true},"project":{"type":"string","description":"Project to link the kafka topic to","description_kind":"plain","required":true},"replication":{"type":"number","description":"Replication factor for the topic","description_kind":"plain","optional":true},"retention_bytes":{"type":"number","description":"Retention bytes","description_kind":"plain","optional":true},"retention_hours":{"type":"number","description":"Retention period (hours)","description_kind":"plain","optional":true},"service_name":{"type":"string","description":"Service to link the kafka topic to","description_kind":"plain","required":true},"termination_protection":{"type":"bool","description":"It is a Terraform client-side deletion protection, which prevents a Kafka \n\t\t\ttopic from being deleted. It is recommended to enable this for any production Kafka \n\t\t\ttopic containing critical data.","description_kind":"plain","optional":true},"topic_name":{"type":"string","description":"Topic name","description_kind":"plain","required":true}},"description_kind":"plain"}},"aiven_mirrormaker_replication_flow":{"version":0,"block":{"attributes":{"enable":{"type":"bool","description":"Enable of disable replication flows for a service","description_kind":"plain","optional":true},"id":{"type":"string","description_kind":"plain","optional":true,"computed":true},"project":{"type":"string","description":"Project to link the kafka topic to","description_kind":"plain","required":true},"service_name":{"type":"string","description":"Service to link the kafka topic to","description_kind":"plain","required":true},"source_cluster":{"type":"string","description":"Source cluster alias","description_kind":"plain","required":true},"target_cluster":{"type":"string","description":"Target cluster alias","description_kind":"plain","required":true},"topics":{"type":["list","string"],"description":"List of topics and/or regular expressions to replicate","description_kind":"plain","optional":true},"topics_blacklist":{"type":["list","string"],"description":"List of topics and/or regular expressions to not replicate.","description_kind":"plain","optional":true}},"description_kind":"plain"}},"aiven_mysql":{"version":0,"block":{"attributes":{"cloud_name":{"type":"string","description":"Cloud the service runs in","description_kind":"plain","optional":true},"id":{"type":"string","description_kind":"plain","optional":true,"computed":true},"maintenance_window_dow":{"type":"string","description":"Day of week when maintenance operations should be performed. One monday, tuesday, wednesday, etc.","description_kind":"plain","optional":true},"maintenance_window_time":{"type":"string","description":"Time of day when maintenance operations should be performed. UTC time in HH:mm:ss format.","description_kind":"plain","optional":true},"plan":{"type":"string","description":"Subscription plan","description_kind":"plain","optional":true},"project":{"type":"string","description":"Target project","description_kind":"plain","required":true},"project_vpc_id":{"type":"string","description":"Identifier of the VPC the service should be in, if any","description_kind":"plain","optional":true},"service_host":{"type":"string","description":"Service hostname","description_kind":"plain","optional":true,"computed":true},"service_name":{"type":"string","description":"Service name","description_kind":"plain","required":true},"service_password":{"type":"string","description":"Password used for connecting to the service, if applicable","description_kind":"plain","optional":true,"computed":true,"sensitive":true},"service_port":{"type":"number","description":"Service port","description_kind":"plain","optional":true,"computed":true},"service_type":{"type":"string","description":"Aiven internal service type code","description_kind":"plain","optional":true,"computed":true},"service_uri":{"type":"string","description":"URI for connecting to the service. Service specific info is under \"kafka\", \"pg\", etc.","description_kind":"plain","optional":true,"computed":true,"sensitive":true},"service_username":{"type":"string","description":"Username used for connecting to the service, if applicable","description_kind":"plain","optional":true,"computed":true},"state":{"type":"string","description":"Service state","description_kind":"plain","optional":true,"computed":true},"termination_protection":{"type":"bool","description":"Prevent service from being deleted. It is recommended to have this enabled for all services.","description_kind":"plain","optional":true}},"block_types":{"components":{"nesting_mode":"list","block":{"attributes":{"component":{"type":"string","description":"Service component name","description_kind":"plain","computed":true},"host":{"type":"string","description":"DNS name for connecting to the service component","description_kind":"plain","computed":true},"kafka_authentication_method":{"type":"string","description":"Kafka authentication method. This is a value specific to the 'kafka' service component","description_kind":"plain","optional":true,"computed":true},"port":{"type":"number","description":"Port number for connecting to the service component","description_kind":"plain","computed":true},"route":{"type":"string","description":"Network access route","description_kind":"plain","computed":true},"ssl":{"type":"bool","description":"Whether the endpoint is encrypted or accepts plaintext. By default endpoints are always encrypted and this property is only included for service components they may disable encryption","description_kind":"plain","computed":true},"usage":{"type":"string","description":"DNS usage name","description_kind":"plain","computed":true}},"description":"Service component information objects","description_kind":"plain"}},"mysql":{"nesting_mode":"list","block":{"description":"MySQL specific server provided values","description_kind":"plain"},"max_items":1},"mysql_user_config":{"nesting_mode":"list","block":{"attributes":{"admin_password":{"type":"string","description":"Custom password for admin user. Defaults to random string. This must be set only when a new service is being created.","description_kind":"plain","optional":true,"sensitive":true},"admin_username":{"type":"string","description":"Custom username for admin user. This must be set only when a new service is being created.","description_kind":"plain","optional":true},"backup_hour":{"type":"string","description":"The hour of day (in UTC) when backup for the service is started. New backup is only started if previous backup has already completed.","description_kind":"plain","optional":true},"backup_minute":{"type":"string","description":"The minute of an hour when backup for the service is started. New backup is only started if previous backup has already completed.","description_kind":"plain","optional":true},"ip_filter":{"type":["list","string"],"description":"IP filter","description_kind":"plain","optional":true},"mysql_version":{"type":"string","description":"MySQL major version","description_kind":"plain","optional":true},"recovery_target_time":{"type":"string","description":"Recovery target time when forking a service. This has effect only when a new service is being created.","description_kind":"plain","optional":true},"service_to_fork_from":{"type":"string","description":"Name of another service to fork from. This has effect only when a new service is being created.","description_kind":"plain","optional":true}},"block_types":{"mysql":{"nesting_mode":"list","block":{"attributes":{"connect_timeout":{"type":"string","description":"connect_timeout","description_kind":"plain","optional":true},"default_time_zone":{"type":"string","description":"default_time_zone","description_kind":"plain","optional":true},"group_concat_max_len":{"type":"string","description":"group_concat_max_len","description_kind":"plain","optional":true},"information_schema_stats_expiry":{"type":"string","description":"information_schema_stats_expiry","description_kind":"plain","optional":true},"innodb_ft_min_token_size":{"type":"string","description":"innodb_ft_min_token_size","description_kind":"plain","optional":true},"innodb_ft_server_stopword_table":{"type":"string","description":"innodb_ft_server_stopword_table","description_kind":"plain","optional":true},"innodb_lock_wait_timeout":{"type":"string","description":"innodb_lock_wait_timeout","description_kind":"plain","optional":true},"innodb_log_buffer_size":{"type":"string","description":"innodb_log_buffer_size","description_kind":"plain","optional":true},"innodb_online_alter_log_max_size":{"type":"string","description":"innodb_online_alter_log_max_size","description_kind":"plain","optional":true},"innodb_print_all_deadlocks":{"type":"string","description":"innodb_print_all_deadlocks","description_kind":"plain","optional":true},"innodb_rollback_on_timeout":{"type":"string","description":"innodb_rollback_on_timeout","description_kind":"plain","optional":true},"interactive_timeout":{"type":"string","description":"interactive_timeout","description_kind":"plain","optional":true},"max_allowed_packet":{"type":"string","description":"max_allowed_packet","description_kind":"plain","optional":true},"max_heap_table_size":{"type":"string","description":"max_heap_table_size","description_kind":"plain","optional":true},"net_read_timeout":{"type":"string","description":"net_read_timeout","description_kind":"plain","optional":true},"net_write_timeout":{"type":"string","description":"net_write_timeout","description_kind":"plain","optional":true},"sort_buffer_size":{"type":"string","description":"sort_buffer_size","description_kind":"plain","optional":true},"sql_mode":{"type":"string","description":"sql_mode","description_kind":"plain","optional":true},"sql_require_primary_key":{"type":"string","description":"sql_require_primary_key","description_kind":"plain","optional":true},"tmp_table_size":{"type":"string","description":"tmp_table_size","description_kind":"plain","optional":true},"wait_timeout":{"type":"string","description":"wait_timeout","description_kind":"plain","optional":true}},"description":"mysql.conf configuration values","description_kind":"plain"},"max_items":1},"private_access":{"nesting_mode":"list","block":{"attributes":{"mysql":{"type":"string","description":"Allow clients to connect to mysql with a DNS name that always resolves to the service's private IP addresses. Only available in certain network locations","description_kind":"plain","optional":true},"prometheus":{"type":"string","description":"Allow clients to connect to prometheus with a DNS name that always resolves to the service's private IP addresses. Only available in certain network locations","description_kind":"plain","optional":true}},"description":"Allow access to selected service ports from private networks","description_kind":"plain"},"max_items":1},"public_access":{"nesting_mode":"list","block":{"attributes":{"mysql":{"type":"string","description":"Allow clients to connect to mysql from the public internet for service nodes that are in a project VPC or another type of private network","description_kind":"plain","optional":true},"prometheus":{"type":"string","description":"Allow clients to connect to prometheus from the public internet for service nodes that are in a project VPC or another type of private network","description_kind":"plain","optional":true}},"description":"Allow access to selected service ports from the public Internet","description_kind":"plain"},"max_items":1}},"description":"MySQL specific user configurable settings","description_kind":"plain"},"max_items":1},"service_integrations":{"nesting_mode":"list","block":{"attributes":{"integration_type":{"type":"string","description":"Type of the service integration. The only supported value at the moment is 'read_replica'","description_kind":"plain","required":true},"source_service_name":{"type":"string","description":"Name of the source service","description_kind":"plain","required":true}},"description":"Service integrations to specify when creating a service. Not applied after initial service creation","description_kind":"plain"}}},"description_kind":"plain"}},"aiven_pg":{"version":0,"block":{"attributes":{"cloud_name":{"type":"string","description":"Cloud the service runs in","description_kind":"plain","optional":true},"id":{"type":"string","description_kind":"plain","optional":true,"computed":true},"maintenance_window_dow":{"type":"string","description":"Day of week when maintenance operations should be performed. One monday, tuesday, wednesday, etc.","description_kind":"plain","optional":true},"maintenance_window_time":{"type":"string","description":"Time of day when maintenance operations should be performed. UTC time in HH:mm:ss format.","description_kind":"plain","optional":true},"plan":{"type":"string","description":"Subscription plan","description_kind":"plain","optional":true},"project":{"type":"string","description":"Target project","description_kind":"plain","required":true},"project_vpc_id":{"type":"string","description":"Identifier of the VPC the service should be in, if any","description_kind":"plain","optional":true},"service_host":{"type":"string","description":"Service hostname","description_kind":"plain","optional":true,"computed":true},"service_name":{"type":"string","description":"Service name","description_kind":"plain","required":true},"service_password":{"type":"string","description":"Password used for connecting to the service, if applicable","description_kind":"plain","optional":true,"computed":true,"sensitive":true},"service_port":{"type":"number","description":"Service port","description_kind":"plain","optional":true,"computed":true},"service_type":{"type":"string","description":"Aiven internal service type code","description_kind":"plain","optional":true,"computed":true},"service_uri":{"type":"string","description":"URI for connecting to the service. Service specific info is under \"kafka\", \"pg\", etc.","description_kind":"plain","optional":true,"computed":true,"sensitive":true},"service_username":{"type":"string","description":"Username used for connecting to the service, if applicable","description_kind":"plain","optional":true,"computed":true},"state":{"type":"string","description":"Service state","description_kind":"plain","optional":true,"computed":true},"termination_protection":{"type":"bool","description":"Prevent service from being deleted. It is recommended to have this enabled for all services.","description_kind":"plain","optional":true}},"block_types":{"components":{"nesting_mode":"list","block":{"attributes":{"component":{"type":"string","description":"Service component name","description_kind":"plain","computed":true},"host":{"type":"string","description":"DNS name for connecting to the service component","description_kind":"plain","computed":true},"kafka_authentication_method":{"type":"string","description":"Kafka authentication method. This is a value specific to the 'kafka' service component","description_kind":"plain","optional":true,"computed":true},"port":{"type":"number","description":"Port number for connecting to the service component","description_kind":"plain","computed":true},"route":{"type":"string","description":"Network access route","description_kind":"plain","computed":true},"ssl":{"type":"bool","description":"Whether the endpoint is encrypted or accepts plaintext. By default endpoints are always encrypted and this property is only included for service components they may disable encryption","description_kind":"plain","computed":true},"usage":{"type":"string","description":"DNS usage name","description_kind":"plain","computed":true}},"description":"Service component information objects","description_kind":"plain"}},"pg":{"nesting_mode":"list","block":{"attributes":{"dbname":{"type":"string","description":"Primary PostgreSQL database name","description_kind":"plain","computed":true},"host":{"type":"string","description":"PostgreSQL master node host IP or name","description_kind":"plain","computed":true},"password":{"type":"string","description":"PostgreSQL admin user password","description_kind":"plain","computed":true,"sensitive":true},"port":{"type":"number","description":"PostgreSQL port","description_kind":"plain","computed":true},"replica_uri":{"type":"string","description":"PostgreSQL replica URI for services with a replica","description_kind":"plain","computed":true,"sensitive":true},"sslmode":{"type":"string","description":"PostgreSQL sslmode setting (currently always \"require\")","description_kind":"plain","computed":true},"uri":{"type":"string","description":"PostgreSQL master connection URI","description_kind":"plain","optional":true,"computed":true,"sensitive":true},"user":{"type":"string","description":"PostgreSQL admin user name","description_kind":"plain","computed":true}},"description":"PostgreSQL specific server provided values","description_kind":"plain"},"max_items":1},"pg_user_config":{"nesting_mode":"list","block":{"attributes":{"admin_password":{"type":"string","description":"Custom password for admin user. Defaults to random string. This must be set only when a new service is being created.","description_kind":"plain","optional":true,"sensitive":true},"admin_username":{"type":"string","description":"Custom username for admin user. This must be set only when a new service is being created.","description_kind":"plain","optional":true},"backup_hour":{"type":"string","description":"The hour of day (in UTC) when backup for the service is started. New backup is only started if previous backup has already completed.","description_kind":"plain","optional":true},"backup_minute":{"type":"string","description":"The minute of an hour when backup for the service is started. New backup is only started if previous backup has already completed.","description_kind":"plain","optional":true},"ip_filter":{"type":["list","string"],"description":"IP filter","description_kind":"plain","optional":true},"pg_read_replica":{"type":"string","description":"Should the service which is being forked be a read replica","description_kind":"plain","optional":true},"pg_service_to_fork_from":{"type":"string","description":"Name of the PG Service from which to fork (deprecated, use service_to_fork_from). This has effect only when a new service is being created.","description_kind":"plain","optional":true},"pg_version":{"type":"string","description":"PostgreSQL major version","description_kind":"plain","optional":true},"recovery_target_time":{"type":"string","description":"Recovery target time when forking a service. This has effect only when a new service is being created.","description_kind":"plain","optional":true},"service_to_fork_from":{"type":"string","description":"Name of another service to fork from. This has effect only when a new service is being created.","description_kind":"plain","optional":true},"shared_buffers_percentage":{"type":"string","description":"shared_buffers_percentage","description_kind":"plain","optional":true},"synchronous_replication":{"type":"string","description":"Synchronous replication type. Note that the service plan also needs to support synchronous replication.","description_kind":"plain","optional":true},"variant":{"type":"string","description":"Variant of the PostgreSQL service, may affect the features that are exposed by default","description_kind":"plain","optional":true},"work_mem":{"type":"string","description":"work_mem","description_kind":"plain","optional":true}},"block_types":{"pg":{"nesting_mode":"list","block":{"attributes":{"autovacuum_analyze_scale_factor":{"type":"string","description":"autovacuum_analyze_scale_factor","description_kind":"plain","optional":true},"autovacuum_analyze_threshold":{"type":"string","description":"autovacuum_analyze_threshold","description_kind":"plain","optional":true},"autovacuum_freeze_max_age":{"type":"string","description":"autovacuum_freeze_max_age","description_kind":"plain","optional":true},"autovacuum_max_workers":{"type":"string","description":"autovacuum_max_workers","description_kind":"plain","optional":true},"autovacuum_naptime":{"type":"string","description":"autovacuum_naptime","description_kind":"plain","optional":true},"autovacuum_vacuum_cost_delay":{"type":"string","description":"autovacuum_vacuum_cost_delay","description_kind":"plain","optional":true},"autovacuum_vacuum_cost_limit":{"type":"string","description":"autovacuum_vacuum_cost_limit","description_kind":"plain","optional":true},"autovacuum_vacuum_scale_factor":{"type":"string","description":"autovacuum_vacuum_scale_factor","description_kind":"plain","optional":true},"autovacuum_vacuum_threshold":{"type":"string","description":"autovacuum_vacuum_threshold","description_kind":"plain","optional":true},"deadlock_timeout":{"type":"string","description":"deadlock_timeout","description_kind":"plain","optional":true},"idle_in_transaction_session_timeout":{"type":"string","description":"idle_in_transaction_session_timeout","description_kind":"plain","optional":true},"jit":{"type":"string","description":"jit","description_kind":"plain","optional":true},"log_autovacuum_min_duration":{"type":"string","description":"log_autovacuum_min_duration","description_kind":"plain","optional":true},"log_error_verbosity":{"type":"string","description":"log_error_verbosity","description_kind":"plain","optional":true},"log_min_duration_statement":{"type":"string","description":"log_min_duration_statement","description_kind":"plain","optional":true},"max_locks_per_transaction":{"type":"string","description":"max_locks_per_transaction","description_kind":"plain","optional":true},"max_parallel_workers":{"type":"string","description":"max_parallel_workers","description_kind":"plain","optional":true},"max_parallel_workers_per_gather":{"type":"string","description":"max_parallel_workers_per_gather","description_kind":"plain","optional":true},"max_pred_locks_per_transaction":{"type":"string","description":"max_pred_locks_per_transaction","description_kind":"plain","optional":true},"max_prepared_transactions":{"type":"string","description":"max_prepared_transactions","description_kind":"plain","optional":true},"max_stack_depth":{"type":"string","description":"max_stack_depth","description_kind":"plain","optional":true},"max_standby_archive_delay":{"type":"string","description":"max_standby_archive_delay","description_kind":"plain","optional":true},"max_standby_streaming_delay":{"type":"string","description":"max_standby_streaming_delay","description_kind":"plain","optional":true},"max_worker_processes":{"type":"string","description":"max_worker_processes","description_kind":"plain","optional":true},"pg_stat_statements__dot__track":{"type":"string","description":"pg_stat_statements.track","description_kind":"plain","optional":true},"temp_file_limit":{"type":"string","description":"temp_file_limit","description_kind":"plain","optional":true},"timezone":{"type":"string","description":"timezone","description_kind":"plain","optional":true},"track_activity_query_size":{"type":"string","description":"track_activity_query_size","description_kind":"plain","optional":true},"track_commit_timestamp":{"type":"string","description":"track_commit_timestamp","description_kind":"plain","optional":true},"track_functions":{"type":"string","description":"track_functions","description_kind":"plain","optional":true},"wal_sender_timeout":{"type":"string","description":"wal_sender_timeout","description_kind":"plain","optional":true},"wal_writer_delay":{"type":"string","description":"wal_writer_delay","description_kind":"plain","optional":true}},"description":"postgresql.conf configuration values","description_kind":"plain"},"max_items":1},"pgbouncer":{"nesting_mode":"list","block":{"attributes":{"ignore_startup_parameters":{"type":["list","string"],"description":"List of parameters to ignore when given in startup packet","description_kind":"plain","optional":true},"server_reset_query_always":{"type":"string","description":"Run server_reset_query (DISCARD ALL) in all pooling modes","description_kind":"plain","optional":true}},"description":"PGBouncer connection pooling settings","description_kind":"plain"},"max_items":1},"pglookout":{"nesting_mode":"list","block":{"attributes":{"max_failover_replication_time_lag":{"type":"string","description":"max_failover_replication_time_lag","description_kind":"plain","optional":true}},"description":"PGLookout settings","description_kind":"plain"},"max_items":1},"private_access":{"nesting_mode":"list","block":{"attributes":{"pg":{"type":"string","description":"Allow clients to connect to pg with a DNS name that always resolves to the service's private IP addresses. Only available in certain network locations","description_kind":"plain","optional":true},"pgbouncer":{"type":"string","description":"Allow clients to connect to pgbouncer with a DNS name that always resolves to the service's private IP addresses. Only available in certain network locations","description_kind":"plain","optional":true},"prometheus":{"type":"string","description":"Allow clients to connect to prometheus with a DNS name that always resolves to the service's private IP addresses. Only available in certain network locations","description_kind":"plain","optional":true}},"description":"Allow access to selected service ports from private networks","description_kind":"plain"},"max_items":1},"public_access":{"nesting_mode":"list","block":{"attributes":{"pg":{"type":"string","description":"Allow clients to connect to pg from the public internet for service nodes that are in a project VPC or another type of private network","description_kind":"plain","optional":true},"pgbouncer":{"type":"string","description":"Allow clients to connect to pgbouncer from the public internet for service nodes that are in a project VPC or another type of private network","description_kind":"plain","optional":true},"prometheus":{"type":"string","description":"Allow clients to connect to prometheus from the public internet for service nodes that are in a project VPC or another type of private network","description_kind":"plain","optional":true}},"description":"Allow access to selected service ports from the public Internet","description_kind":"plain"},"max_items":1},"timescaledb":{"nesting_mode":"list","block":{"attributes":{"max_background_workers":{"type":"string","description":"timescaledb.max_background_workers","description_kind":"plain","optional":true}},"description":"TimescaleDB extension configuration values","description_kind":"plain"},"max_items":1}},"description":"PostgreSQL specific user configurable settings","description_kind":"plain"},"max_items":1},"service_integrations":{"nesting_mode":"list","block":{"attributes":{"integration_type":{"type":"string","description":"Type of the service integration. The only supported value at the moment is 'read_replica'","description_kind":"plain","required":true},"source_service_name":{"type":"string","description":"Name of the source service","description_kind":"plain","required":true}},"description":"Service integrations to specify when creating a service. Not applied after initial service creation","description_kind":"plain"}}},"description_kind":"plain"}},"aiven_project":{"version":0,"block":{"attributes":{"account_id":{"type":"string","description":"Account ID","description_kind":"plain","optional":true},"billing_address":{"type":"string","description":"Billing name and address of the project","description_kind":"plain","optional":true},"billing_emails":{"type":["set","string"],"description":"Billing contact emails of the project","description_kind":"plain","optional":true},"ca_cert":{"type":"string","description":"Project root CA. This is used by some services like Kafka to sign service certificate","description_kind":"plain","optional":true,"computed":true},"card_id":{"type":"string","description":"Credit card ID","description_kind":"plain","optional":true},"copy_from_project":{"type":"string","description":"Copy properties from another project. Only has effect when a new project is created.","description_kind":"plain","optional":true},"country_code":{"type":"string","description":"Billing country code of the project","description_kind":"plain","optional":true},"id":{"type":"string","description_kind":"plain","optional":true,"computed":true},"project":{"type":"string","description":"Project name","description_kind":"plain","required":true},"technical_emails":{"type":["set","string"],"description":"Technical contact emails of the project","description_kind":"plain","optional":true}},"description_kind":"plain"}},"aiven_project_user":{"version":0,"block":{"attributes":{"accepted":{"type":"bool","description":"Whether the user has accepted project membership or not","description_kind":"plain","optional":true,"computed":true},"email":{"type":"string","description":"Email address of the user","description_kind":"plain","required":true},"id":{"type":"string","description_kind":"plain","optional":true,"computed":true},"member_type":{"type":"string","description":"Project membership type. One of: admin, developer, operator","description_kind":"plain","optional":true},"project":{"type":"string","description":"The project the user belongs to","description_kind":"plain","required":true}},"description_kind":"plain"}},"aiven_project_vpc":{"version":0,"block":{"attributes":{"cloud_name":{"type":"string","description":"Cloud the VPC is in","description_kind":"plain","required":true},"id":{"type":"string","description_kind":"plain","optional":true,"computed":true},"network_cidr":{"type":"string","description":"Network address range used by the VPC like 192.168.0.0/24","description_kind":"plain","optional":true},"project":{"type":"string","description":"The project the VPC belongs to","description_kind":"plain","required":true},"state":{"type":"string","description":"State of the VPC (APPROVED, ACTIVE, DELETING, DELETED)","description_kind":"plain","optional":true,"computed":true}},"description_kind":"plain"}},"aiven_redis":{"version":0,"block":{"attributes":{"cloud_name":{"type":"string","description":"Cloud the service runs in","description_kind":"plain","optional":true},"id":{"type":"string","description_kind":"plain","optional":true,"computed":true},"maintenance_window_dow":{"type":"string","description":"Day of week when maintenance operations should be performed. One monday, tuesday, wednesday, etc.","description_kind":"plain","optional":true},"maintenance_window_time":{"type":"string","description":"Time of day when maintenance operations should be performed. UTC time in HH:mm:ss format.","description_kind":"plain","optional":true},"plan":{"type":"string","description":"Subscription plan","description_kind":"plain","optional":true},"project":{"type":"string","description":"Target project","description_kind":"plain","required":true},"project_vpc_id":{"type":"string","description":"Identifier of the VPC the service should be in, if any","description_kind":"plain","optional":true},"service_host":{"type":"string","description":"Service hostname","description_kind":"plain","optional":true,"computed":true},"service_name":{"type":"string","description":"Service name","description_kind":"plain","required":true},"service_password":{"type":"string","description":"Password used for connecting to the service, if applicable","description_kind":"plain","optional":true,"computed":true,"sensitive":true},"service_port":{"type":"number","description":"Service port","description_kind":"plain","optional":true,"computed":true},"service_type":{"type":"string","description":"Aiven internal service type code","description_kind":"plain","optional":true,"computed":true},"service_uri":{"type":"string","description":"URI for connecting to the service. Service specific info is under \"kafka\", \"pg\", etc.","description_kind":"plain","optional":true,"computed":true,"sensitive":true},"service_username":{"type":"string","description":"Username used for connecting to the service, if applicable","description_kind":"plain","optional":true,"computed":true},"state":{"type":"string","description":"Service state","description_kind":"plain","optional":true,"computed":true},"termination_protection":{"type":"bool","description":"Prevent service from being deleted. It is recommended to have this enabled for all services.","description_kind":"plain","optional":true}},"block_types":{"components":{"nesting_mode":"list","block":{"attributes":{"component":{"type":"string","description":"Service component name","description_kind":"plain","computed":true},"host":{"type":"string","description":"DNS name for connecting to the service component","description_kind":"plain","computed":true},"kafka_authentication_method":{"type":"string","description":"Kafka authentication method. This is a value specific to the 'kafka' service component","description_kind":"plain","optional":true,"computed":true},"port":{"type":"number","description":"Port number for connecting to the service component","description_kind":"plain","computed":true},"route":{"type":"string","description":"Network access route","description_kind":"plain","computed":true},"ssl":{"type":"bool","description":"Whether the endpoint is encrypted or accepts plaintext. By default endpoints are always encrypted and this property is only included for service components they may disable encryption","description_kind":"plain","computed":true},"usage":{"type":"string","description":"DNS usage name","description_kind":"plain","computed":true}},"description":"Service component information objects","description_kind":"plain"}},"redis":{"nesting_mode":"list","block":{"description":"Redis server provided values","description_kind":"plain"},"max_items":1},"redis_user_config":{"nesting_mode":"list","block":{"attributes":{"ip_filter":{"type":["list","string"],"description":"IP filter","description_kind":"plain","optional":true},"redis_lfu_decay_time":{"type":"string","description":"LFU maxmemory-policy counter decay time in minutes","description_kind":"plain","optional":true},"redis_lfu_log_factor":{"type":"string","description":"Counter logarithm factor for volatile-lfu and allkeys-lfu maxmemory-policies","description_kind":"plain","optional":true},"redis_maxmemory_policy":{"type":"string","description":"Redis maxmemory-policy","description_kind":"plain","optional":true},"redis_notify_keyspace_events":{"type":"string","description":"Set notify-keyspace-events option","description_kind":"plain","optional":true},"redis_ssl":{"type":"string","description":"Require SSL to access Redis","description_kind":"plain","optional":true},"redis_timeout":{"type":"string","description":"Redis idle connection timeout","description_kind":"plain","optional":true}},"block_types":{"migration":{"nesting_mode":"list","block":{"attributes":{"host":{"type":"string","description":"Hostname or IP address of the server where to migrate data from","description_kind":"plain","optional":true},"password":{"type":"string","description":"Password for authentication with the server where to migrate data from","description_kind":"plain","optional":true,"sensitive":true},"port":{"type":"string","description":"Port number of the server where to migrate data from","description_kind":"plain","optional":true},"ssl":{"type":"string","description":"The server where to migrate data from is secured with SSL","description_kind":"plain","optional":true},"username":{"type":"string","description":"User name for authentication with the server where to migrate data from","description_kind":"plain","optional":true}},"description":"Migrate data from existing server","description_kind":"plain"},"max_items":1},"private_access":{"nesting_mode":"list","block":{"attributes":{"prometheus":{"type":"string","description":"Allow clients to connect to prometheus with a DNS name that always resolves to the service's private IP addresses. Only available in certain network locations","description_kind":"plain","optional":true},"redis":{"type":"string","description":"Allow clients to connect to redis with a DNS name that always resolves to the service's private IP addresses. Only available in certain network locations","description_kind":"plain","optional":true}},"description":"Allow access to selected service ports from private networks","description_kind":"plain"},"max_items":1},"public_access":{"nesting_mode":"list","block":{"attributes":{"prometheus":{"type":"string","description":"Allow clients to connect to prometheus from the public internet for service nodes that are in a project VPC or another type of private network","description_kind":"plain","optional":true},"redis":{"type":"string","description":"Allow clients to connect to redis from the public internet for service nodes that are in a project VPC or another type of private network","description_kind":"plain","optional":true}},"description":"Allow access to selected service ports from the public Internet","description_kind":"plain"},"max_items":1}},"description":"Redis user configurable settings","description_kind":"plain"},"max_items":1},"service_integrations":{"nesting_mode":"list","block":{"attributes":{"integration_type":{"type":"string","description":"Type of the service integration. The only supported value at the moment is 'read_replica'","description_kind":"plain","required":true},"source_service_name":{"type":"string","description":"Name of the source service","description_kind":"plain","required":true}},"description":"Service integrations to specify when creating a service. Not applied after initial service creation","description_kind":"plain"}}},"description_kind":"plain"}},"aiven_service":{"version":0,"block":{"attributes":{"cloud_name":{"type":"string","description":"Cloud the service runs in","description_kind":"plain","optional":true},"id":{"type":"string","description_kind":"plain","optional":true,"computed":true},"maintenance_window_dow":{"type":"string","description":"Day of week when maintenance operations should be performed. One monday, tuesday, wednesday, etc.","description_kind":"plain","optional":true},"maintenance_window_time":{"type":"string","description":"Time of day when maintenance operations should be performed. UTC time in HH:mm:ss format.","description_kind":"plain","optional":true},"plan":{"type":"string","description":"Subscription plan","description_kind":"plain","optional":true},"project":{"type":"string","description":"Target project","description_kind":"plain","required":true},"project_vpc_id":{"type":"string","description":"Identifier of the VPC the service should be in, if any","description_kind":"plain","optional":true},"service_host":{"type":"string","description":"Service hostname","description_kind":"plain","optional":true,"computed":true},"service_name":{"type":"string","description":"Service name","description_kind":"plain","required":true},"service_password":{"type":"string","description":"Password used for connecting to the service, if applicable","description_kind":"plain","optional":true,"computed":true,"sensitive":true},"service_port":{"type":"number","description":"Service port","description_kind":"plain","optional":true,"computed":true},"service_type":{"type":"string","description":"Service type code","description_kind":"plain","optional":true},"service_uri":{"type":"string","description":"URI for connecting to the service. Service specific info is under \"kafka\", \"pg\", etc.","description_kind":"plain","optional":true,"computed":true,"sensitive":true},"service_username":{"type":"string","description":"Username used for connecting to the service, if applicable","description_kind":"plain","optional":true,"computed":true},"state":{"type":"string","description":"Service state","description_kind":"plain","optional":true,"computed":true},"termination_protection":{"type":"bool","description":"Prevent service from being deleted. It is recommended to have this enabled for all services.","description_kind":"plain","optional":true}},"block_types":{"cassandra":{"nesting_mode":"list","block":{"description":"Cassandra specific server provided values","description_kind":"plain"},"max_items":1},"cassandra_user_config":{"nesting_mode":"list","block":{"attributes":{"ip_filter":{"type":["list","string"],"description":"IP filter","description_kind":"plain","optional":true},"migrate_sstableloader":{"type":"string","description":"Migration mode for the sstableloader utility","description_kind":"plain","optional":true},"service_to_fork_from":{"type":"string","description":"Name of another service to fork from. This has effect only when a new service is being created.","description_kind":"plain","optional":true}},"block_types":{"private_access":{"nesting_mode":"list","block":{"attributes":{"prometheus":{"type":"string","description":"Allow clients to connect to prometheus with a DNS name that always resolves to the service's private IP addresses. Only available in certain network locations","description_kind":"plain","optional":true}},"description":"Allow access to selected service ports from private networks","description_kind":"plain"},"max_items":1},"public_access":{"nesting_mode":"list","block":{"attributes":{"prometheus":{"type":"string","description":"Allow clients to connect to prometheus from the public internet for service nodes that are in a project VPC or another type of private network","description_kind":"plain","optional":true}},"description":"Allow access to selected service ports from the public Internet","description_kind":"plain"},"max_items":1}},"description":"Cassandra specific user configurable settings","description_kind":"plain"},"max_items":1},"components":{"nesting_mode":"list","block":{"attributes":{"component":{"type":"string","description":"Service component name","description_kind":"plain","computed":true},"host":{"type":"string","description":"DNS name for connecting to the service component","description_kind":"plain","computed":true},"kafka_authentication_method":{"type":"string","description":"Kafka authentication method. This is a value specific to the 'kafka' service component","description_kind":"plain","optional":true,"computed":true},"port":{"type":"number","description":"Port number for connecting to the service component","description_kind":"plain","computed":true},"route":{"type":"string","description":"Network access route","description_kind":"plain","computed":true},"ssl":{"type":"bool","description":"Whether the endpoint is encrypted or accepts plaintext. By default endpoints are always encrypted and this property is only included for service components they may disable encryption","description_kind":"plain","computed":true},"usage":{"type":"string","description":"DNS usage name","description_kind":"plain","computed":true}},"description":"Service component information objects","description_kind":"plain"}},"elasticsearch":{"nesting_mode":"list","block":{"attributes":{"kibana_uri":{"type":"string","description":"URI for Kibana frontend","description_kind":"plain","computed":true,"sensitive":true}},"description":"Elasticsearch specific server provided values","description_kind":"plain"},"max_items":1},"elasticsearch_user_config":{"nesting_mode":"list","block":{"attributes":{"custom_domain":{"type":"string","description":"Custom domain","description_kind":"plain","optional":true},"disable_replication_factor_adjustment":{"type":"string","description":"Disable replication factor adjustment","description_kind":"plain","optional":true},"elasticsearch_version":{"type":"string","description":"Elasticsearch major version","description_kind":"plain","optional":true},"ip_filter":{"type":["list","string"],"description":"IP filter","description_kind":"plain","optional":true},"max_index_count":{"type":"string","description":"Maximum index count","description_kind":"plain","optional":true},"recovery_basebackup_name":{"type":"string","description":"Name of the basebackup to restore in forked service","description_kind":"plain","optional":true},"service_to_fork_from":{"type":"string","description":"Name of another service to fork from. This has effect only when a new service is being created.","description_kind":"plain","optional":true}},"block_types":{"elasticsearch":{"nesting_mode":"list","block":{"attributes":{"action_auto_create_index_enabled":{"type":"string","description":"action.auto_create_index","description_kind":"plain","optional":true},"action_destructive_requires_name":{"type":"string","description":"Require explicit index names when deleting","description_kind":"plain","optional":true},"http_max_content_length":{"type":"string","description":"http.max_content_length","description_kind":"plain","optional":true},"http_max_header_size":{"type":"string","description":"http.max_header_size","description_kind":"plain","optional":true},"http_max_initial_line_length":{"type":"string","description":"http.max_initial_line_length","description_kind":"plain","optional":true},"indices_fielddata_cache_size":{"type":"string","description":"indices.fielddata.cache.size","description_kind":"plain","optional":true},"indices_memory_index_buffer_size":{"type":"string","description":"indices.memory.index_buffer_size","description_kind":"plain","optional":true},"indices_queries_cache_size":{"type":"string","description":"indices.queries.cache.size","description_kind":"plain","optional":true},"indices_query_bool_max_clause_count":{"type":"string","description":"indices.query.bool.max_clause_count","description_kind":"plain","optional":true},"reindex_remote_whitelist":{"type":["list","string"],"description":"reindex_remote_whitelist","description_kind":"plain","optional":true},"search_max_buckets":{"type":"string","description":"search.max_buckets","description_kind":"plain","optional":true},"thread_pool_analyze_queue_size":{"type":"string","description":"analyze thread pool queue size","description_kind":"plain","optional":true},"thread_pool_analyze_size":{"type":"string","description":"analyze thread pool size","description_kind":"plain","optional":true},"thread_pool_force_merge_size":{"type":"string","description":"force_merge thread pool size","description_kind":"plain","optional":true},"thread_pool_get_queue_size":{"type":"string","description":"get thread pool queue size","description_kind":"plain","optional":true},"thread_pool_get_size":{"type":"string","description":"get thread pool size","description_kind":"plain","optional":true},"thread_pool_index_queue_size":{"type":"string","description":"index thread pool queue size","description_kind":"plain","optional":true},"thread_pool_index_size":{"type":"string","description":"index thread pool size","description_kind":"plain","optional":true},"thread_pool_search_queue_size":{"type":"string","description":"search thread pool queue size","description_kind":"plain","optional":true},"thread_pool_search_size":{"type":"string","description":"search thread pool size","description_kind":"plain","optional":true},"thread_pool_search_throttled_queue_size":{"type":"string","description":"search_throttled thread pool queue size","description_kind":"plain","optional":true},"thread_pool_search_throttled_size":{"type":"string","description":"search_throttled thread pool size","description_kind":"plain","optional":true},"thread_pool_write_queue_size":{"type":"string","description":"write thread pool queue size","description_kind":"plain","optional":true},"thread_pool_write_size":{"type":"string","description":"write thread pool size","description_kind":"plain","optional":true}},"description":"Elasticsearch settings","description_kind":"plain"},"max_items":1},"index_patterns":{"nesting_mode":"list","block":{"attributes":{"max_index_count":{"type":"string","description":"Maximum number of indexes to keep","description_kind":"plain","optional":true},"pattern":{"type":"string","description":"fnmatch pattern","description_kind":"plain","optional":true}},"description":"Index patterns","description_kind":"plain"},"max_items":512},"kibana":{"nesting_mode":"list","block":{"attributes":{"elasticsearch_request_timeout":{"type":"string","description":"Timeout in milliseconds for requests made by Kibana towards Elasticsearch","description_kind":"plain","optional":true},"enabled":{"type":"string","description":"Enable or disable Kibana","description_kind":"plain","optional":true},"max_old_space_size":{"type":"string","description":"max_old_space_size","description_kind":"plain","optional":true}},"description":"Kibana settings","description_kind":"plain"},"max_items":1},"private_access":{"nesting_mode":"list","block":{"attributes":{"elasticsearch":{"type":"string","description":"Allow clients to connect to elasticsearch with a DNS name that always resolves to the service's private IP addresses. Only available in certain network locations","description_kind":"plain","optional":true},"kibana":{"type":"string","description":"Allow clients to connect to kibana with a DNS name that always resolves to the service's private IP addresses. Only available in certain network locations","description_kind":"plain","optional":true},"prometheus":{"type":"string","description":"Allow clients to connect to prometheus with a DNS name that always resolves to the service's private IP addresses. Only available in certain network locations","description_kind":"plain","optional":true}},"description":"Allow access to selected service ports from private networks","description_kind":"plain"},"max_items":1},"public_access":{"nesting_mode":"list","block":{"attributes":{"elasticsearch":{"type":"string","description":"Allow clients to connect to elasticsearch from the public internet for service nodes that are in a project VPC or another type of private network","description_kind":"plain","optional":true},"kibana":{"type":"string","description":"Allow clients to connect to kibana from the public internet for service nodes that are in a project VPC or another type of private network","description_kind":"plain","optional":true},"prometheus":{"type":"string","description":"Allow clients to connect to prometheus from the public internet for service nodes that are in a project VPC or another type of private network","description_kind":"plain","optional":true}},"description":"Allow access to selected service ports from the public Internet","description_kind":"plain"},"max_items":1}},"description":"Elasticsearch specific user configurable settings","description_kind":"plain"},"max_items":1},"grafana":{"nesting_mode":"list","block":{"description":"Grafana specific server provided values","description_kind":"plain"},"max_items":1},"grafana_user_config":{"nesting_mode":"list","block":{"attributes":{"alerting_enabled":{"type":"string","description":"Enable or disable Grafana alerting functionality","description_kind":"plain","optional":true},"alerting_error_or_timeout":{"type":"string","description":"Default error or timeout setting for new alerting rules","description_kind":"plain","optional":true},"alerting_nodata_or_nullvalues":{"type":"string","description":"Default value for 'no data or null values' for new alerting rules","description_kind":"plain","optional":true},"allow_embedding":{"type":"string","description":"Allow embedding Grafana dashboards with iframe/frame/object/embed tags. Disabled by default to limit impact of clickjacking","description_kind":"plain","optional":true},"auth_basic_enabled":{"type":"string","description":"Enable or disable basic authentication form, used by Grafana built-in login","description_kind":"plain","optional":true},"cookie_samesite":{"type":"string","description":"Cookie SameSite attribute: 'strict' prevents sending cookie for cross-site requests, effectively disabling direct linking from other sites to Grafana. 'lax' is the default value.","description_kind":"plain","optional":true},"custom_domain":{"type":"string","description":"Custom domain","description_kind":"plain","optional":true},"dashboards_versions_to_keep":{"type":"string","description":"Dashboard versions to keep per dashboard","description_kind":"plain","optional":true},"dataproxy_send_user_header":{"type":"string","description":"Send 'X-Grafana-User' header to data source","description_kind":"plain","optional":true},"dataproxy_timeout":{"type":"string","description":"Timeout for data proxy requests in seconds","description_kind":"plain","optional":true},"disable_gravatar":{"type":"string","description":"Set to true to disable gravatar. Defaults to false (gravatar is enabled)","description_kind":"plain","optional":true},"editors_can_admin":{"type":"string","description":"Editors can manage folders, teams and dashboards created by them","description_kind":"plain","optional":true},"google_analytics_ua_id":{"type":"string","description":"Google Analytics Universal Analytics ID for tracking Grafana usage","description_kind":"plain","optional":true},"ip_filter":{"type":["list","string"],"description":"IP filter","description_kind":"plain","optional":true},"metrics_enabled":{"type":"string","description":"Enable Grafana /metrics endpoint","description_kind":"plain","optional":true},"user_auto_assign_org":{"type":"string","description":"Auto-assign new users on signup to main organization. Defaults to false","description_kind":"plain","optional":true},"user_auto_assign_org_role":{"type":"string","description":"Set role for new signups. Defaults to Viewer","description_kind":"plain","optional":true},"viewers_can_edit":{"type":"string","description":"Users with view-only permission can edit but not save dashboards","description_kind":"plain","optional":true}},"block_types":{"auth_generic_oauth":{"nesting_mode":"list","block":{"attributes":{"allow_sign_up":{"type":"string","description":"Automatically sign-up users on successful sign-in","description_kind":"plain","optional":true},"allowed_domains":{"type":["list","string"],"description":"Allowed domains","description_kind":"plain","optional":true},"allowed_organizations":{"type":["list","string"],"description":"Require user to be member of one of the listed organizations","description_kind":"plain","optional":true},"api_url":{"type":"string","description":"API URL","description_kind":"plain","optional":true},"auth_url":{"type":"string","description":"Authorization URL","description_kind":"plain","optional":true},"client_id":{"type":"string","description":"Client ID from provider","description_kind":"plain","optional":true},"client_secret":{"type":"string","description":"Client secret from provider","description_kind":"plain","optional":true},"name":{"type":"string","description":"Name of the OAuth integration","description_kind":"plain","optional":true},"scopes":{"type":["list","string"],"description":"OAuth scopes","description_kind":"plain","optional":true},"token_url":{"type":"string","description":"Token URL","description_kind":"plain","optional":true}},"description":"Generic OAuth integration","description_kind":"plain"},"max_items":1},"auth_github":{"nesting_mode":"list","block":{"attributes":{"allow_sign_up":{"type":"string","description":"Automatically sign-up users on successful sign-in","description_kind":"plain","optional":true},"allowed_organizations":{"type":["list","string"],"description":"Require users to belong to one of given organizations","description_kind":"plain","optional":true},"client_id":{"type":"string","description":"Client ID from provider","description_kind":"plain","optional":true},"client_secret":{"type":"string","description":"Client secret from provider","description_kind":"plain","optional":true},"team_ids":{"type":["list","string"],"description":"Require users to belong to one of given team IDs","description_kind":"plain","optional":true}},"description":"Github Auth integration","description_kind":"plain"},"max_items":1},"auth_gitlab":{"nesting_mode":"list","block":{"attributes":{"allow_sign_up":{"type":"string","description":"Automatically sign-up users on successful sign-in","description_kind":"plain","optional":true},"allowed_groups":{"type":["list","string"],"description":"Require users to belong to one of given groups","description_kind":"plain","optional":true},"api_url":{"type":"string","description":"API URL. This only needs to be set when using self hosted GitLab","description_kind":"plain","optional":true},"auth_url":{"type":"string","description":"Authorization URL. This only needs to be set when using self hosted GitLab","description_kind":"plain","optional":true},"client_id":{"type":"string","description":"Client ID from provider","description_kind":"plain","optional":true},"client_secret":{"type":"string","description":"Client secret from provider","description_kind":"plain","optional":true},"token_url":{"type":"string","description":"Token URL. This only needs to be set when using self hosted GitLab","description_kind":"plain","optional":true}},"description":"GitLab Auth integration","description_kind":"plain"},"max_items":1},"auth_google":{"nesting_mode":"list","block":{"attributes":{"allow_sign_up":{"type":"string","description":"Automatically sign-up users on successful sign-in","description_kind":"plain","optional":true},"allowed_domains":{"type":["list","string"],"description":"Domains allowed to sign-in to this Grafana","description_kind":"plain","optional":true},"client_id":{"type":"string","description":"Client ID from provider","description_kind":"plain","optional":true},"client_secret":{"type":"string","description":"Client secret from provider","description_kind":"plain","optional":true}},"description":"Google Auth integration","description_kind":"plain"},"max_items":1},"external_image_storage":{"nesting_mode":"list","block":{"attributes":{"access_key":{"type":"string","description":"S3 access key. Requires permissions to the S3 bucket for the s3:PutObject and s3:PutObjectAcl actions","description_kind":"plain","optional":true},"bucket_url":{"type":"string","description":"Bucket URL for S3","description_kind":"plain","optional":true},"provider":{"type":"string","description":"Provider type","description_kind":"plain","optional":true},"secret_key":{"type":"string","description":"S3 secret key","description_kind":"plain","optional":true}},"description":"External image store settings","description_kind":"plain"},"max_items":1},"private_access":{"nesting_mode":"list","block":{"attributes":{"grafana":{"type":"string","description":"Allow clients to connect to grafana with a DNS name that always resolves to the service's private IP addresses. Only available in certain network locations","description_kind":"plain","optional":true}},"description":"Allow access to selected service ports from private networks","description_kind":"plain"},"max_items":1},"public_access":{"nesting_mode":"list","block":{"attributes":{"grafana":{"type":"string","description":"Allow clients to connect to grafana from the public internet for service nodes that are in a project VPC or another type of private network","description_kind":"plain","optional":true}},"description":"Allow access to selected service ports from the public Internet","description_kind":"plain"},"max_items":1},"smtp_server":{"nesting_mode":"list","block":{"attributes":{"from_address":{"type":"string","description":"Address used for sending emails","description_kind":"plain","optional":true},"from_name":{"type":"string","description":"Name used in outgoing emails, defaults to Grafana","description_kind":"plain","optional":true},"host":{"type":"string","description":"Server hostname or IP","description_kind":"plain","optional":true},"password":{"type":"string","description":"Password for SMTP authentication","description_kind":"plain","optional":true,"sensitive":true},"port":{"type":"string","description":"SMTP server port","description_kind":"plain","optional":true},"skip_verify":{"type":"string","description":"Skip verifying server certificate. Defaults to false","description_kind":"plain","optional":true},"username":{"type":"string","description":"Username for SMTP authentication","description_kind":"plain","optional":true}},"description":"SMTP server settings","description_kind":"plain"},"max_items":1}},"description":"Grafana specific user configurable settings","description_kind":"plain"},"max_items":1},"influxdb":{"nesting_mode":"list","block":{"attributes":{"database_name":{"type":"string","description":"Name of the default InfluxDB database","description_kind":"plain","computed":true}},"description":"InfluxDB specific server provided values","description_kind":"plain"},"max_items":1},"influxdb_user_config":{"nesting_mode":"list","block":{"attributes":{"custom_domain":{"type":"string","description":"Custom domain","description_kind":"plain","optional":true},"ip_filter":{"type":["list","string"],"description":"IP filter","description_kind":"plain","optional":true},"service_to_fork_from":{"type":"string","description":"Name of another service to fork from. This has effect only when a new service is being created.","description_kind":"plain","optional":true}},"block_types":{"private_access":{"nesting_mode":"list","block":{"attributes":{"influxdb":{"type":"string","description":"Allow clients to connect to influxdb with a DNS name that always resolves to the service's private IP addresses. Only available in certain network locations","description_kind":"plain","optional":true}},"description":"Allow access to selected service ports from private networks","description_kind":"plain"},"max_items":1},"public_access":{"nesting_mode":"list","block":{"attributes":{"influxdb":{"type":"string","description":"Allow clients to connect to influxdb from the public internet for service nodes that are in a project VPC or another type of private network","description_kind":"plain","optional":true}},"description":"Allow access to selected service ports from the public Internet","description_kind":"plain"},"max_items":1}},"description":"InfluxDB specific user configurable settings","description_kind":"plain"},"max_items":1},"kafka":{"nesting_mode":"list","block":{"attributes":{"access_cert":{"type":"string","description":"The Kafka client certificate","description_kind":"plain","optional":true,"computed":true,"sensitive":true},"access_key":{"type":"string","description":"The Kafka client certificate key","description_kind":"plain","optional":true,"computed":true,"sensitive":true},"connect_uri":{"type":"string","description":"The Kafka Connect URI, if any","description_kind":"plain","optional":true,"computed":true,"sensitive":true},"rest_uri":{"type":"string","description":"The Kafka REST URI, if any","description_kind":"plain","optional":true,"computed":true,"sensitive":true},"schema_registry_uri":{"type":"string","description":"The Schema Registry URI, if any","description_kind":"plain","optional":true,"computed":true,"sensitive":true}},"description":"Kafka specific server provided values","description_kind":"plain"},"max_items":1},"kafka_connect":{"nesting_mode":"list","block":{"description":"Kafka Connect specific server provided values","description_kind":"plain"},"max_items":1},"kafka_connect_user_config":{"nesting_mode":"list","block":{"attributes":{"ip_filter":{"type":["list","string"],"description":"IP filter","description_kind":"plain","optional":true}},"block_types":{"kafka_connect":{"nesting_mode":"list","block":{"attributes":{"connector_client_config_override_policy":{"type":"string","description":"Client config override policy","description_kind":"plain","optional":true},"consumer_auto_offset_reset":{"type":"string","description":"Consumer auto offset reset","description_kind":"plain","optional":true},"consumer_isolation_level":{"type":"string","description":"Consumer isolation level","description_kind":"plain","optional":true},"consumer_max_poll_interval_ms":{"type":"string","description":"The maximum delay between polls when using consumer group management","description_kind":"plain","optional":true},"consumer_max_poll_records":{"type":"string","description":"The maximum number of records returned by a single poll","description_kind":"plain","optional":true},"offset_flush_interval_ms":{"type":"string","description":"The interval at which to try committing offsets for tasks","description_kind":"plain","optional":true},"offset_flush_timeout_ms":{"type":"string","description":"Offset flush timeout","description_kind":"plain","optional":true},"session_timeout_ms":{"type":"string","description":"The timeout used to detect failures when using Kafka’s group management facilities","description_kind":"plain","optional":true}},"description":"Kafka Connect configuration values","description_kind":"plain"},"max_items":1},"private_access":{"nesting_mode":"list","block":{"attributes":{"kafka_connect":{"type":"string","description":"Allow clients to connect to kafka_connect with a DNS name that always resolves to the service's private IP addresses. Only available in certain network locations","description_kind":"plain","optional":true},"prometheus":{"type":"string","description":"Allow clients to connect to prometheus with a DNS name that always resolves to the service's private IP addresses. Only available in certain network locations","description_kind":"plain","optional":true}},"description":"Allow access to selected service ports from private networks","description_kind":"plain"},"max_items":1},"public_access":{"nesting_mode":"list","block":{"attributes":{"kafka_connect":{"type":"string","description":"Allow clients to connect to kafka_connect from the public internet for service nodes that are in a project VPC or another type of private network","description_kind":"plain","optional":true},"prometheus":{"type":"string","description":"Allow clients to connect to prometheus from the public internet for service nodes that are in a project VPC or another type of private network","description_kind":"plain","optional":true}},"description":"Allow access to selected service ports from the public Internet","description_kind":"plain"},"max_items":1}},"description":"Kafka Connect specific user configurable settings","description_kind":"plain"},"max_items":1},"kafka_mirrormaker":{"nesting_mode":"list","block":{"description":"Kafka MirrorMaker 2 specific server provided values","description_kind":"plain"},"max_items":1},"kafka_mirrormaker_user_config":{"nesting_mode":"list","block":{"attributes":{"ip_filter":{"type":["list","string"],"description":"IP filter","description_kind":"plain","optional":true}},"block_types":{"kafka_mirrormaker":{"nesting_mode":"list","block":{"attributes":{"refresh_groups_enabled":{"type":"string","description":"Refresh consumer groups","description_kind":"plain","optional":true},"refresh_groups_interval_seconds":{"type":"string","description":"Frequency of group refresh","description_kind":"plain","optional":true},"refresh_topics_enabled":{"type":"string","description":"Refresh topics and partitions","description_kind":"plain","optional":true},"refresh_topics_interval_seconds":{"type":"string","description":"Frequency of topic and partitions refresh","description_kind":"plain","optional":true}},"description":"Kafka MirrorMaker configuration values","description_kind":"plain"},"max_items":1}},"description":"Kafka MirrorMaker 2 specific user configurable settings","description_kind":"plain"},"max_items":1},"kafka_user_config":{"nesting_mode":"list","block":{"attributes":{"custom_domain":{"type":"string","description":"Custom domain","description_kind":"plain","optional":true},"ip_filter":{"type":["list","string"],"description":"IP filter","description_kind":"plain","optional":true},"kafka_connect":{"type":"string","description":"Enable Kafka Connect service","description_kind":"plain","optional":true},"kafka_rest":{"type":"string","description":"Enable Kafka-REST service","description_kind":"plain","optional":true},"kafka_version":{"type":"string","description":"Kafka major version","description_kind":"plain","optional":true},"schema_registry":{"type":"string","description":"Enable Schema-Registry service","description_kind":"plain","optional":true}},"block_types":{"kafka":{"nesting_mode":"list","block":{"attributes":{"auto_create_topics_enable":{"type":"string","description":"auto.create.topics.enable","description_kind":"plain","optional":true},"compression_type":{"type":"string","description":"compression.type","description_kind":"plain","optional":true},"connections_max_idle_ms":{"type":"string","description":"connections.max.idle.ms","description_kind":"plain","optional":true},"default_replication_factor":{"type":"string","description":"default.replication.factor","description_kind":"plain","optional":true},"group_max_session_timeout_ms":{"type":"string","description":"group.max.session.timeout.ms","description_kind":"plain","optional":true},"group_min_session_timeout_ms":{"type":"string","description":"group.min.session.timeout.ms","description_kind":"plain","optional":true},"log_cleaner_max_compaction_lag_ms":{"type":"string","description":"log.cleaner.max.compaction.lag.ms","description_kind":"plain","optional":true},"log_cleaner_min_cleanable_ratio":{"type":"string","description":"log.cleaner.min.cleanable.ratio","description_kind":"plain","optional":true},"log_cleaner_min_compaction_lag_ms":{"type":"string","description":"log.cleaner.min.compaction.lag.ms","description_kind":"plain","optional":true},"log_cleanup_policy":{"type":"string","description":"log.cleanup.policy","description_kind":"plain","optional":true},"log_message_timestamp_difference_max_ms":{"type":"string","description":"log.message.timestamp.difference.max.ms","description_kind":"plain","optional":true},"log_message_timestamp_type":{"type":"string","description":"log.message.timestamp.type","description_kind":"plain","optional":true},"log_retention_bytes":{"type":"string","description":"log.retention.bytes","description_kind":"plain","optional":true},"log_retention_hours":{"type":"string","description":"log.retention.hours","description_kind":"plain","optional":true},"log_segment_bytes":{"type":"string","description":"log.segment.bytes","description_kind":"plain","optional":true},"max_connections_per_ip":{"type":"string","description":"max.connections.per.ip","description_kind":"plain","optional":true},"max_incremental_fetch_session_cache_slots":{"type":"string","description":"max.incremental.fetch.session.cache.slots","description_kind":"plain","optional":true},"message_max_bytes":{"type":"string","description":"message.max.bytes","description_kind":"plain","optional":true},"num_partitions":{"type":"string","description":"num.partitions","description_kind":"plain","optional":true},"offsets_retention_minutes":{"type":"string","description":"offsets.retention.minutes","description_kind":"plain","optional":true},"producer_purgatory_purge_interval_requests":{"type":"string","description":"producer.purgatory.purge.interval.requests","description_kind":"plain","optional":true},"replica_fetch_max_bytes":{"type":"string","description":"replica.fetch.max.bytes","description_kind":"plain","optional":true},"replica_fetch_response_max_bytes":{"type":"string","description":"replica.fetch.response.max.bytes","description_kind":"plain","optional":true},"socket_request_max_bytes":{"type":"string","description":"socket.request.max.bytes","description_kind":"plain","optional":true}},"description":"Kafka broker configuration values","description_kind":"plain"},"max_items":1},"kafka_authentication_methods":{"nesting_mode":"list","block":{"attributes":{"certificate":{"type":"string","description":"Enable certificate/SSL authentication","description_kind":"plain","optional":true},"sasl":{"type":"string","description":"Enable SASL authentication","description_kind":"plain","optional":true}},"description":"Kafka authentication methods","description_kind":"plain"},"max_items":1},"kafka_connect_config":{"nesting_mode":"list","block":{"attributes":{"connector_client_config_override_policy":{"type":"string","description":"Client config override policy","description_kind":"plain","optional":true},"consumer_auto_offset_reset":{"type":"string","description":"Consumer auto offset reset","description_kind":"plain","optional":true},"consumer_isolation_level":{"type":"string","description":"Consumer isolation level","description_kind":"plain","optional":true},"consumer_max_poll_interval_ms":{"type":"string","description":"The maximum delay between polls when using consumer group management","description_kind":"plain","optional":true},"consumer_max_poll_records":{"type":"string","description":"The maximum number of records returned by a single poll","description_kind":"plain","optional":true},"offset_flush_interval_ms":{"type":"string","description":"The interval at which to try committing offsets for tasks","description_kind":"plain","optional":true},"offset_flush_timeout_ms":{"type":"string","description":"Offset flush timeout","description_kind":"plain","optional":true},"session_timeout_ms":{"type":"string","description":"The timeout used to detect failures when using Kafka’s group management facilities","description_kind":"plain","optional":true}},"description":"Kafka Connect configuration values","description_kind":"plain"},"max_items":1},"kafka_rest_config":{"nesting_mode":"list","block":{"attributes":{"consumer_enable_auto_commit":{"type":"string","description":"consumer.enable.auto.commit","description_kind":"plain","optional":true},"consumer_request_max_bytes":{"type":"string","description":"consumer.request.max.bytes","description_kind":"plain","optional":true},"consumer_request_timeout_ms":{"type":"string","description":"consumer.request.timeout.ms","description_kind":"plain","optional":true},"producer_acks":{"type":"string","description":"producer.acks","description_kind":"plain","optional":true},"producer_linger_ms":{"type":"string","description":"producer.linger.ms","description_kind":"plain","optional":true},"simpleconsumer_pool_size_max":{"type":"string","description":"simpleconsumer.pool.size.max","description_kind":"plain","optional":true}},"description":"Kafka REST configuration","description_kind":"plain"},"max_items":1},"private_access":{"nesting_mode":"list","block":{"attributes":{"prometheus":{"type":"string","description":"Allow clients to connect to prometheus with a DNS name that always resolves to the service's private IP addresses. Only available in certain network locations","description_kind":"plain","optional":true}},"description":"Allow access to selected service ports from private networks","description_kind":"plain"},"max_items":1},"public_access":{"nesting_mode":"list","block":{"attributes":{"kafka":{"type":"string","description":"Allow clients to connect to kafka from the public internet for service nodes that are in a project VPC or another type of private network","description_kind":"plain","optional":true},"kafka_connect":{"type":"string","description":"Allow clients to connect to kafka_connect from the public internet for service nodes that are in a project VPC or another type of private network","description_kind":"plain","optional":true},"kafka_rest":{"type":"string","description":"Allow clients to connect to kafka_rest from the public internet for service nodes that are in a project VPC or another type of private network","description_kind":"plain","optional":true},"prometheus":{"type":"string","description":"Allow clients to connect to prometheus from the public internet for service nodes that are in a project VPC or another type of private network","description_kind":"plain","optional":true},"schema_registry":{"type":"string","description":"Allow clients to connect to schema_registry from the public internet for service nodes that are in a project VPC or another type of private network","description_kind":"plain","optional":true}},"description":"Allow access to selected service ports from the public Internet","description_kind":"plain"},"max_items":1}},"description":"Kafka specific user configurable settings","description_kind":"plain"},"max_items":1},"mysql":{"nesting_mode":"list","block":{"description":"MySQL specific server provided values","description_kind":"plain"},"max_items":1},"mysql_user_config":{"nesting_mode":"list","block":{"attributes":{"admin_password":{"type":"string","description":"Custom password for admin user. Defaults to random string. This must be set only when a new service is being created.","description_kind":"plain","optional":true,"sensitive":true},"admin_username":{"type":"string","description":"Custom username for admin user. This must be set only when a new service is being created.","description_kind":"plain","optional":true},"backup_hour":{"type":"string","description":"The hour of day (in UTC) when backup for the service is started. New backup is only started if previous backup has already completed.","description_kind":"plain","optional":true},"backup_minute":{"type":"string","description":"The minute of an hour when backup for the service is started. New backup is only started if previous backup has already completed.","description_kind":"plain","optional":true},"ip_filter":{"type":["list","string"],"description":"IP filter","description_kind":"plain","optional":true},"mysql_version":{"type":"string","description":"MySQL major version","description_kind":"plain","optional":true},"recovery_target_time":{"type":"string","description":"Recovery target time when forking a service. This has effect only when a new service is being created.","description_kind":"plain","optional":true},"service_to_fork_from":{"type":"string","description":"Name of another service to fork from. This has effect only when a new service is being created.","description_kind":"plain","optional":true}},"block_types":{"mysql":{"nesting_mode":"list","block":{"attributes":{"connect_timeout":{"type":"string","description":"connect_timeout","description_kind":"plain","optional":true},"default_time_zone":{"type":"string","description":"default_time_zone","description_kind":"plain","optional":true},"group_concat_max_len":{"type":"string","description":"group_concat_max_len","description_kind":"plain","optional":true},"information_schema_stats_expiry":{"type":"string","description":"information_schema_stats_expiry","description_kind":"plain","optional":true},"innodb_ft_min_token_size":{"type":"string","description":"innodb_ft_min_token_size","description_kind":"plain","optional":true},"innodb_ft_server_stopword_table":{"type":"string","description":"innodb_ft_server_stopword_table","description_kind":"plain","optional":true},"innodb_lock_wait_timeout":{"type":"string","description":"innodb_lock_wait_timeout","description_kind":"plain","optional":true},"innodb_log_buffer_size":{"type":"string","description":"innodb_log_buffer_size","description_kind":"plain","optional":true},"innodb_online_alter_log_max_size":{"type":"string","description":"innodb_online_alter_log_max_size","description_kind":"plain","optional":true},"innodb_print_all_deadlocks":{"type":"string","description":"innodb_print_all_deadlocks","description_kind":"plain","optional":true},"innodb_rollback_on_timeout":{"type":"string","description":"innodb_rollback_on_timeout","description_kind":"plain","optional":true},"interactive_timeout":{"type":"string","description":"interactive_timeout","description_kind":"plain","optional":true},"max_allowed_packet":{"type":"string","description":"max_allowed_packet","description_kind":"plain","optional":true},"max_heap_table_size":{"type":"string","description":"max_heap_table_size","description_kind":"plain","optional":true},"net_read_timeout":{"type":"string","description":"net_read_timeout","description_kind":"plain","optional":true},"net_write_timeout":{"type":"string","description":"net_write_timeout","description_kind":"plain","optional":true},"sort_buffer_size":{"type":"string","description":"sort_buffer_size","description_kind":"plain","optional":true},"sql_mode":{"type":"string","description":"sql_mode","description_kind":"plain","optional":true},"sql_require_primary_key":{"type":"string","description":"sql_require_primary_key","description_kind":"plain","optional":true},"tmp_table_size":{"type":"string","description":"tmp_table_size","description_kind":"plain","optional":true},"wait_timeout":{"type":"string","description":"wait_timeout","description_kind":"plain","optional":true}},"description":"mysql.conf configuration values","description_kind":"plain"},"max_items":1},"private_access":{"nesting_mode":"list","block":{"attributes":{"mysql":{"type":"string","description":"Allow clients to connect to mysql with a DNS name that always resolves to the service's private IP addresses. Only available in certain network locations","description_kind":"plain","optional":true},"prometheus":{"type":"string","description":"Allow clients to connect to prometheus with a DNS name that always resolves to the service's private IP addresses. Only available in certain network locations","description_kind":"plain","optional":true}},"description":"Allow access to selected service ports from private networks","description_kind":"plain"},"max_items":1},"public_access":{"nesting_mode":"list","block":{"attributes":{"mysql":{"type":"string","description":"Allow clients to connect to mysql from the public internet for service nodes that are in a project VPC or another type of private network","description_kind":"plain","optional":true},"prometheus":{"type":"string","description":"Allow clients to connect to prometheus from the public internet for service nodes that are in a project VPC or another type of private network","description_kind":"plain","optional":true}},"description":"Allow access to selected service ports from the public Internet","description_kind":"plain"},"max_items":1}},"description":"MySQL specific user configurable settings","description_kind":"plain"},"max_items":1},"pg":{"nesting_mode":"list","block":{"attributes":{"dbname":{"type":"string","description":"Primary PostgreSQL database name","description_kind":"plain","computed":true},"host":{"type":"string","description":"PostgreSQL master node host IP or name","description_kind":"plain","computed":true},"password":{"type":"string","description":"PostgreSQL admin user password","description_kind":"plain","computed":true,"sensitive":true},"port":{"type":"number","description":"PostgreSQL port","description_kind":"plain","computed":true},"replica_uri":{"type":"string","description":"PostgreSQL replica URI for services with a replica","description_kind":"plain","computed":true,"sensitive":true},"sslmode":{"type":"string","description":"PostgreSQL sslmode setting (currently always \"require\")","description_kind":"plain","computed":true},"uri":{"type":"string","description":"PostgreSQL master connection URI","description_kind":"plain","optional":true,"computed":true,"sensitive":true},"user":{"type":"string","description":"PostgreSQL admin user name","description_kind":"plain","computed":true}},"description":"PostgreSQL specific server provided values","description_kind":"plain"},"max_items":1},"pg_user_config":{"nesting_mode":"list","block":{"attributes":{"admin_password":{"type":"string","description":"Custom password for admin user. Defaults to random string. This must be set only when a new service is being created.","description_kind":"plain","optional":true,"sensitive":true},"admin_username":{"type":"string","description":"Custom username for admin user. This must be set only when a new service is being created.","description_kind":"plain","optional":true},"backup_hour":{"type":"string","description":"The hour of day (in UTC) when backup for the service is started. New backup is only started if previous backup has already completed.","description_kind":"plain","optional":true},"backup_minute":{"type":"string","description":"The minute of an hour when backup for the service is started. New backup is only started if previous backup has already completed.","description_kind":"plain","optional":true},"ip_filter":{"type":["list","string"],"description":"IP filter","description_kind":"plain","optional":true},"pg_read_replica":{"type":"string","description":"Should the service which is being forked be a read replica","description_kind":"plain","optional":true},"pg_service_to_fork_from":{"type":"string","description":"Name of the PG Service from which to fork (deprecated, use service_to_fork_from). This has effect only when a new service is being created.","description_kind":"plain","optional":true},"pg_version":{"type":"string","description":"PostgreSQL major version","description_kind":"plain","optional":true},"recovery_target_time":{"type":"string","description":"Recovery target time when forking a service. This has effect only when a new service is being created.","description_kind":"plain","optional":true},"service_to_fork_from":{"type":"string","description":"Name of another service to fork from. This has effect only when a new service is being created.","description_kind":"plain","optional":true},"shared_buffers_percentage":{"type":"string","description":"shared_buffers_percentage","description_kind":"plain","optional":true},"synchronous_replication":{"type":"string","description":"Synchronous replication type. Note that the service plan also needs to support synchronous replication.","description_kind":"plain","optional":true},"variant":{"type":"string","description":"Variant of the PostgreSQL service, may affect the features that are exposed by default","description_kind":"plain","optional":true},"work_mem":{"type":"string","description":"work_mem","description_kind":"plain","optional":true}},"block_types":{"pg":{"nesting_mode":"list","block":{"attributes":{"autovacuum_analyze_scale_factor":{"type":"string","description":"autovacuum_analyze_scale_factor","description_kind":"plain","optional":true},"autovacuum_analyze_threshold":{"type":"string","description":"autovacuum_analyze_threshold","description_kind":"plain","optional":true},"autovacuum_freeze_max_age":{"type":"string","description":"autovacuum_freeze_max_age","description_kind":"plain","optional":true},"autovacuum_max_workers":{"type":"string","description":"autovacuum_max_workers","description_kind":"plain","optional":true},"autovacuum_naptime":{"type":"string","description":"autovacuum_naptime","description_kind":"plain","optional":true},"autovacuum_vacuum_cost_delay":{"type":"string","description":"autovacuum_vacuum_cost_delay","description_kind":"plain","optional":true},"autovacuum_vacuum_cost_limit":{"type":"string","description":"autovacuum_vacuum_cost_limit","description_kind":"plain","optional":true},"autovacuum_vacuum_scale_factor":{"type":"string","description":"autovacuum_vacuum_scale_factor","description_kind":"plain","optional":true},"autovacuum_vacuum_threshold":{"type":"string","description":"autovacuum_vacuum_threshold","description_kind":"plain","optional":true},"deadlock_timeout":{"type":"string","description":"deadlock_timeout","description_kind":"plain","optional":true},"idle_in_transaction_session_timeout":{"type":"string","description":"idle_in_transaction_session_timeout","description_kind":"plain","optional":true},"jit":{"type":"string","description":"jit","description_kind":"plain","optional":true},"log_autovacuum_min_duration":{"type":"string","description":"log_autovacuum_min_duration","description_kind":"plain","optional":true},"log_error_verbosity":{"type":"string","description":"log_error_verbosity","description_kind":"plain","optional":true},"log_min_duration_statement":{"type":"string","description":"log_min_duration_statement","description_kind":"plain","optional":true},"max_locks_per_transaction":{"type":"string","description":"max_locks_per_transaction","description_kind":"plain","optional":true},"max_parallel_workers":{"type":"string","description":"max_parallel_workers","description_kind":"plain","optional":true},"max_parallel_workers_per_gather":{"type":"string","description":"max_parallel_workers_per_gather","description_kind":"plain","optional":true},"max_pred_locks_per_transaction":{"type":"string","description":"max_pred_locks_per_transaction","description_kind":"plain","optional":true},"max_prepared_transactions":{"type":"string","description":"max_prepared_transactions","description_kind":"plain","optional":true},"max_stack_depth":{"type":"string","description":"max_stack_depth","description_kind":"plain","optional":true},"max_standby_archive_delay":{"type":"string","description":"max_standby_archive_delay","description_kind":"plain","optional":true},"max_standby_streaming_delay":{"type":"string","description":"max_standby_streaming_delay","description_kind":"plain","optional":true},"max_worker_processes":{"type":"string","description":"max_worker_processes","description_kind":"plain","optional":true},"pg_stat_statements__dot__track":{"type":"string","description":"pg_stat_statements.track","description_kind":"plain","optional":true},"temp_file_limit":{"type":"string","description":"temp_file_limit","description_kind":"plain","optional":true},"timezone":{"type":"string","description":"timezone","description_kind":"plain","optional":true},"track_activity_query_size":{"type":"string","description":"track_activity_query_size","description_kind":"plain","optional":true},"track_commit_timestamp":{"type":"string","description":"track_commit_timestamp","description_kind":"plain","optional":true},"track_functions":{"type":"string","description":"track_functions","description_kind":"plain","optional":true},"wal_sender_timeout":{"type":"string","description":"wal_sender_timeout","description_kind":"plain","optional":true},"wal_writer_delay":{"type":"string","description":"wal_writer_delay","description_kind":"plain","optional":true}},"description":"postgresql.conf configuration values","description_kind":"plain"},"max_items":1},"pgbouncer":{"nesting_mode":"list","block":{"attributes":{"ignore_startup_parameters":{"type":["list","string"],"description":"List of parameters to ignore when given in startup packet","description_kind":"plain","optional":true},"server_reset_query_always":{"type":"string","description":"Run server_reset_query (DISCARD ALL) in all pooling modes","description_kind":"plain","optional":true}},"description":"PGBouncer connection pooling settings","description_kind":"plain"},"max_items":1},"pglookout":{"nesting_mode":"list","block":{"attributes":{"max_failover_replication_time_lag":{"type":"string","description":"max_failover_replication_time_lag","description_kind":"plain","optional":true}},"description":"PGLookout settings","description_kind":"plain"},"max_items":1},"private_access":{"nesting_mode":"list","block":{"attributes":{"pg":{"type":"string","description":"Allow clients to connect to pg with a DNS name that always resolves to the service's private IP addresses. Only available in certain network locations","description_kind":"plain","optional":true},"pgbouncer":{"type":"string","description":"Allow clients to connect to pgbouncer with a DNS name that always resolves to the service's private IP addresses. Only available in certain network locations","description_kind":"plain","optional":true},"prometheus":{"type":"string","description":"Allow clients to connect to prometheus with a DNS name that always resolves to the service's private IP addresses. Only available in certain network locations","description_kind":"plain","optional":true}},"description":"Allow access to selected service ports from private networks","description_kind":"plain"},"max_items":1},"public_access":{"nesting_mode":"list","block":{"attributes":{"pg":{"type":"string","description":"Allow clients to connect to pg from the public internet for service nodes that are in a project VPC or another type of private network","description_kind":"plain","optional":true},"pgbouncer":{"type":"string","description":"Allow clients to connect to pgbouncer from the public internet for service nodes that are in a project VPC or another type of private network","description_kind":"plain","optional":true},"prometheus":{"type":"string","description":"Allow clients to connect to prometheus from the public internet for service nodes that are in a project VPC or another type of private network","description_kind":"plain","optional":true}},"description":"Allow access to selected service ports from the public Internet","description_kind":"plain"},"max_items":1},"timescaledb":{"nesting_mode":"list","block":{"attributes":{"max_background_workers":{"type":"string","description":"timescaledb.max_background_workers","description_kind":"plain","optional":true}},"description":"TimescaleDB extension configuration values","description_kind":"plain"},"max_items":1}},"description":"PostgreSQL specific user configurable settings","description_kind":"plain"},"max_items":1},"redis":{"nesting_mode":"list","block":{"description":"Redis specific server provided values","description_kind":"plain"},"max_items":1},"redis_user_config":{"nesting_mode":"list","block":{"attributes":{"ip_filter":{"type":["list","string"],"description":"IP filter","description_kind":"plain","optional":true},"redis_lfu_decay_time":{"type":"string","description":"LFU maxmemory-policy counter decay time in minutes","description_kind":"plain","optional":true},"redis_lfu_log_factor":{"type":"string","description":"Counter logarithm factor for volatile-lfu and allkeys-lfu maxmemory-policies","description_kind":"plain","optional":true},"redis_maxmemory_policy":{"type":"string","description":"Redis maxmemory-policy","description_kind":"plain","optional":true},"redis_notify_keyspace_events":{"type":"string","description":"Set notify-keyspace-events option","description_kind":"plain","optional":true},"redis_ssl":{"type":"string","description":"Require SSL to access Redis","description_kind":"plain","optional":true},"redis_timeout":{"type":"string","description":"Redis idle connection timeout","description_kind":"plain","optional":true}},"block_types":{"migration":{"nesting_mode":"list","block":{"attributes":{"host":{"type":"string","description":"Hostname or IP address of the server where to migrate data from","description_kind":"plain","optional":true},"password":{"type":"string","description":"Password for authentication with the server where to migrate data from","description_kind":"plain","optional":true,"sensitive":true},"port":{"type":"string","description":"Port number of the server where to migrate data from","description_kind":"plain","optional":true},"ssl":{"type":"string","description":"The server where to migrate data from is secured with SSL","description_kind":"plain","optional":true},"username":{"type":"string","description":"User name for authentication with the server where to migrate data from","description_kind":"plain","optional":true}},"description":"Migrate data from existing server","description_kind":"plain"},"max_items":1},"private_access":{"nesting_mode":"list","block":{"attributes":{"prometheus":{"type":"string","description":"Allow clients to connect to prometheus with a DNS name that always resolves to the service's private IP addresses. Only available in certain network locations","description_kind":"plain","optional":true},"redis":{"type":"string","description":"Allow clients to connect to redis with a DNS name that always resolves to the service's private IP addresses. Only available in certain network locations","description_kind":"plain","optional":true}},"description":"Allow access to selected service ports from private networks","description_kind":"plain"},"max_items":1},"public_access":{"nesting_mode":"list","block":{"attributes":{"prometheus":{"type":"string","description":"Allow clients to connect to prometheus from the public internet for service nodes that are in a project VPC or another type of private network","description_kind":"plain","optional":true},"redis":{"type":"string","description":"Allow clients to connect to redis from the public internet for service nodes that are in a project VPC or another type of private network","description_kind":"plain","optional":true}},"description":"Allow access to selected service ports from the public Internet","description_kind":"plain"},"max_items":1}},"description":"Redis specific user configurable settings","description_kind":"plain"},"max_items":1},"service_integrations":{"nesting_mode":"list","block":{"attributes":{"integration_type":{"type":"string","description":"Type of the service integration. The only supported value at the moment is 'read_replica'","description_kind":"plain","required":true},"source_service_name":{"type":"string","description":"Name of the source service","description_kind":"plain","required":true}},"description":"Service integrations to specify when creating a service. Not applied after initial service creation","description_kind":"plain"}}},"description_kind":"plain"}},"aiven_service_integration":{"version":0,"block":{"attributes":{"destination_endpoint_id":{"type":"string","description":"Destination endpoint for the integration (if any)","description_kind":"plain","optional":true},"destination_service_name":{"type":"string","description":"Destination service for the integration (if any)","description_kind":"plain","required":true},"id":{"type":"string","description_kind":"plain","optional":true,"computed":true},"integration_type":{"type":"string","description":"Type of the service integration","description_kind":"plain","required":true},"project":{"type":"string","description":"Project the integration belongs to","description_kind":"plain","required":true},"source_endpoint_id":{"type":"string","description":"Source endpoint for the integration (if any)","description_kind":"plain","optional":true},"source_service_name":{"type":"string","description":"Source service for the integration (if any)","description_kind":"plain","required":true}},"block_types":{"kafka_connect_user_config":{"nesting_mode":"list","block":{"block_types":{"kafka_connect":{"nesting_mode":"list","block":{"attributes":{"config_storage_topic":{"type":"string","description":"The name of the topic where connector and task configuration data are stored.This must be the same for all workers with the same group_id.","description_kind":"plain","optional":true},"group_id":{"type":"string","description":"A unique string that identifies the Connect cluster group this worker belongs to.","description_kind":"plain","optional":true},"offset_storage_topic":{"type":"string","description":"The name of the topic where connector and task configuration offsets are stored.This must be the same for all workers with the same group_id.","description_kind":"plain","optional":true},"status_storage_topic":{"type":"string","description":"The name of the topic where connector and task configuration status updates are stored.This must be the same for all workers with the same group_id.","description_kind":"plain","optional":true}},"description":"Kafka Connect service configuration values","description_kind":"plain"},"max_items":1}},"description":"Kafka Connect specific user configurable settings","description_kind":"plain"},"max_items":1},"kafka_mirrormaker_user_config":{"nesting_mode":"list","block":{"attributes":{"cluster_alias":{"type":"string","description":"Kafka cluster alias","description_kind":"plain","optional":true}},"description":"Mirrormaker 2 integration specific user configurable settings","description_kind":"plain"},"max_items":1},"logs_user_config":{"nesting_mode":"list","block":{"attributes":{"elasticsearch_index_days_max":{"type":"string","description":"Elasticsearch index retention limit","description_kind":"plain","optional":true},"elasticsearch_index_prefix":{"type":"string","description":"Elasticsearch index prefix","description_kind":"plain","optional":true}},"description":"Log integration specific user configurable settings","description_kind":"plain"},"max_items":1},"mirrormaker_user_config":{"nesting_mode":"list","block":{"attributes":{"mirrormaker_whitelist":{"type":"string","description":"Mirrormaker topic whitelist","description_kind":"plain","optional":true}},"description":"Mirrormaker 1 integration specific user configurable settings","description_kind":"plain"},"max_items":1}},"description_kind":"plain"}},"aiven_service_integration_endpoint":{"version":0,"block":{"attributes":{"endpoint_config":{"type":["map","string"],"description":"Integration endpoint specific backend configuration","description_kind":"plain","optional":true,"computed":true},"endpoint_name":{"type":"string","description":"Name of the service integration endpoint","description_kind":"plain","required":true},"endpoint_type":{"type":"string","description":"Type of the service integration endpoint","description_kind":"plain","optional":true},"id":{"type":"string","description_kind":"plain","optional":true,"computed":true},"project":{"type":"string","description":"Project the service integration endpoint belongs to","description_kind":"plain","required":true}},"block_types":{"datadog_user_config":{"nesting_mode":"list","block":{"attributes":{"datadog_api_key":{"type":"string","description":"Datadog API key","description_kind":"plain","optional":true,"sensitive":true},"disable_consumer_stats":{"type":"string","description":"Disable consumer group metrics","description_kind":"plain","optional":true},"max_partition_contexts":{"type":"string","description":"Maximum number of partition contexts to send","description_kind":"plain","optional":true},"site":{"type":"string","description":"Datadog intake site. Defaults to datadoghq.com","description_kind":"plain","optional":true}},"description":"Datadog specific user configurable settings","description_kind":"plain"},"max_items":1},"external_elasticsearch_logs_user_config":{"nesting_mode":"list","block":{"attributes":{"ca":{"type":"string","description":"PEM encoded CA certificate","description_kind":"plain","optional":true},"index_days_max":{"type":"string","description":"Maximum number of days of logs to keep","description_kind":"plain","optional":true},"index_prefix":{"type":"string","description":"Elasticsearch index prefix","description_kind":"plain","optional":true},"timeout":{"type":"string","description":"Elasticsearch request timeout limit","description_kind":"plain","optional":true},"url":{"type":"string","description":"Elasticsearch connection URL","description_kind":"plain","optional":true}},"description":"external elasticsearch specific user configurable settings","description_kind":"plain"},"max_items":1},"prometheus_user_config":{"nesting_mode":"list","block":{"attributes":{"basic_auth_password":{"type":"string","description":"Prometheus basic authentication password","description_kind":"plain","optional":true,"sensitive":true},"basic_auth_username":{"type":"string","description":"Prometheus basic authentication username","description_kind":"plain","optional":true}},"description":"Prometheus specific user configurable settings","description_kind":"plain"},"max_items":1},"rsyslog_user_config":{"nesting_mode":"list","block":{"attributes":{"ca":{"type":"string","description":"PEM encoded CA certificate","description_kind":"plain","optional":true},"cert":{"type":"string","description":"PEM encoded client certificate","description_kind":"plain","optional":true},"format":{"type":"string","description":"message format","description_kind":"plain","optional":true},"key":{"type":"string","description":"PEM encoded client key","description_kind":"plain","optional":true},"logline":{"type":"string","description":"custom syslog message format","description_kind":"plain","optional":true},"port":{"type":"string","description":"rsyslog server port","description_kind":"plain","optional":true},"sd":{"type":"string","description":"Structured data block for log message","description_kind":"plain","optional":true},"server":{"type":"string","description":"rsyslog server IP address or hostname","description_kind":"plain","optional":true},"tls":{"type":"string","description":"Require TLS","description_kind":"plain","optional":true}},"description":"rsyslog specific user configurable settings","description_kind":"plain"},"max_items":1}},"description_kind":"plain"}},"aiven_service_user":{"version":0,"block":{"attributes":{"access_cert":{"type":"string","description":"Access certificate for the user if applicable for the service in question","description_kind":"plain","optional":true,"computed":true,"sensitive":true},"access_key":{"type":"string","description":"Access certificate key for the user if applicable for the service in question","description_kind":"plain","optional":true,"computed":true,"sensitive":true},"id":{"type":"string","description_kind":"plain","optional":true,"computed":true},"password":{"type":"string","description":"Password of the user","description_kind":"plain","optional":true,"computed":true,"sensitive":true},"project":{"type":"string","description":"Project to link the user to","description_kind":"plain","required":true},"service_name":{"type":"string","description":"Service to link the user to","description_kind":"plain","required":true},"type":{"type":"string","description":"Type of the user account","description_kind":"plain","optional":true,"computed":true},"username":{"type":"string","description":"Name of the user account","description_kind":"plain","required":true}},"description_kind":"plain"}},"aiven_transit_gateway_vpc_attachment":{"version":0,"block":{"attributes":{"id":{"type":"string","description_kind":"plain","optional":true,"computed":true},"peer_cloud_account":{"type":"string","description":"AWS account ID or GCP project ID of the peered VPC","description_kind":"plain","required":true},"peer_region":{"type":"string","description":"AWS region of the peered VPC (if not in the same region as Aiven VPC)","description_kind":"plain","optional":true},"peer_vpc":{"type":"string","description":"Transit gateway ID","description_kind":"plain","required":true},"peering_connection_id":{"type":"string","description":"Cloud provider identifier for the peering connection if available","description_kind":"plain","optional":true,"computed":true},"state":{"type":"string","description":"State of the peering connection","description_kind":"plain","optional":true,"computed":true},"state_info":{"type":["map","string"],"description":"State-specific help or error information","description_kind":"plain","optional":true,"computed":true},"user_peer_network_cidrs":{"type":["list","string"],"description":"List of private IPv4 ranges to route through the peering connection","description_kind":"plain","optional":true},"vpc_id":{"type":"string","description":"The VPC the peering connection belongs to","description_kind":"plain","required":true}},"description_kind":"plain"}},"aiven_vpc_peering_connection":{"version":0,"block":{"attributes":{"id":{"type":"string","description_kind":"plain","optional":true,"computed":true},"peer_azure_app_id":{"type":"string","description":"Azure app registration id in UUID4 form that is allowed to create a peering to the peer vnet","description_kind":"plain","optional":true,"computed":true},"peer_azure_tenant_id":{"type":"string","description":"Azure tenant id in UUID4 form","description_kind":"plain","optional":true,"computed":true},"peer_cloud_account":{"type":"string","description":"AWS account ID or GCP project ID of the peered VPC","description_kind":"plain","required":true},"peer_region":{"type":"string","description":"AWS region of the peered VPC (if not in the same region as Aiven VPC)","description_kind":"plain","optional":true},"peer_resource_group":{"type":"string","description":"Azure resource group name of the peered VPC","description_kind":"plain","optional":true,"computed":true},"peer_vpc":{"type":"string","description":"AWS VPC ID or GCP VPC network name of the peered VPC","description_kind":"plain","required":true},"peering_connection_id":{"type":"string","description":"Cloud provider identifier for the peering connection if available","description_kind":"plain","optional":true,"computed":true},"state":{"type":"string","description":"State of the peering connection","description_kind":"plain","optional":true,"computed":true},"state_info":{"type":["map","string"],"description":"State-specific help or error information","description_kind":"plain","optional":true,"computed":true},"vpc_id":{"type":"string","description":"The VPC the peering connection belongs to","description_kind":"plain","required":true}},"description_kind":"plain"}}}}}}
