{"format_version":"0.1","provider_schemas":{"registry.terraform.io/sighery/njalla":{"provider":{"version":0,"block":{"attributes":{"api_token":{"type":"string","description":"Njalla API token","description_kind":"plain","required":true}},"description_kind":"plain"}},"resource_schemas":{"njalla_record_a":{"version":0,"block":{"attributes":{"content":{"type":"string","description_kind":"plain","required":true},"domain":{"type":"string","description_kind":"plain","required":true},"id":{"type":"string","description_kind":"plain","optional":true,"computed":true},"name":{"type":"string","description_kind":"plain","optional":true},"ttl":{"type":"number","description_kind":"plain","required":true}},"description_kind":"plain"}},"njalla_record_aaaa":{"version":0,"block":{"attributes":{"content":{"type":"string","description_kind":"plain","required":true},"domain":{"type":"string","description_kind":"plain","required":true},"id":{"type":"string","description_kind":"plain","optional":true,"computed":true},"name":{"type":"string","description_kind":"plain","optional":true},"ttl":{"type":"number","description_kind":"plain","required":true}},"description_kind":"plain"}},"njalla_record_caa":{"version":0,"block":{"attributes":{"content":{"type":"string","description_kind":"plain","required":true},"domain":{"type":"string","description_kind":"plain","required":true},"id":{"type":"string","description_kind":"plain","optional":true,"computed":true},"name":{"type":"string","description_kind":"plain","optional":true},"ttl":{"type":"number","description_kind":"plain","required":true}},"description_kind":"plain"}},"njalla_record_cname":{"version":0,"block":{"attributes":{"content":{"type":"string","description_kind":"plain","required":true},"domain":{"type":"string","description_kind":"plain","required":true},"id":{"type":"string","description_kind":"plain","optional":true,"computed":true},"name":{"type":"string","description_kind":"plain","optional":true},"ttl":{"type":"number","description_kind":"plain","required":true}},"description_kind":"plain"}},"njalla_record_mx":{"version":0,"block":{"attributes":{"content":{"type":"string","description_kind":"plain","required":true},"domain":{"type":"string","description_kind":"plain","required":true},"id":{"type":"string","description_kind":"plain","optional":true,"computed":true},"name":{"type":"string","description_kind":"plain","optional":true},"priority":{"type":"number","description_kind":"plain","required":true},"ttl":{"type":"number","description_kind":"plain","required":true}},"description_kind":"plain"}},"njalla_record_naptr":{"version":0,"block":{"attributes":{"content":{"type":"string","description_kind":"plain","required":true},"domain":{"type":"string","description_kind":"plain","required":true},"id":{"type":"string","description_kind":"plain","optional":true,"computed":true},"name":{"type":"string","description_kind":"plain","optional":true},"ttl":{"type":"number","description_kind":"plain","required":true}},"description_kind":"plain"}},"njalla_record_ns":{"version":0,"block":{"attributes":{"content":{"type":"string","description_kind":"plain","required":true},"domain":{"type":"string","description_kind":"plain","required":true},"id":{"type":"string","description_kind":"plain","optional":true,"computed":true},"name":{"type":"string","description_kind":"plain","required":true},"ttl":{"type":"number","description_kind":"plain","required":true}},"description_kind":"plain"}},"njalla_record_ptr":{"version":0,"block":{"attributes":{"content":{"type":"string","description_kind":"plain","required":true},"domain":{"type":"string","description_kind":"plain","required":true},"id":{"type":"string","description_kind":"plain","optional":true,"computed":true},"name":{"type":"string","description_kind":"plain","optional":true},"ttl":{"type":"number","description_kind":"plain","required":true}},"description_kind":"plain"}},"njalla_record_tlsa":{"version":0,"block":{"attributes":{"content":{"type":"string","description_kind":"plain","required":true},"domain":{"type":"string","description_kind":"plain","required":true},"id":{"type":"string","description_kind":"plain","optional":true,"computed":true},"name":{"type":"string","description_kind":"plain","optional":true},"ttl":{"type":"number","description_kind":"plain","required":true}},"description_kind":"plain"}},"njalla_record_txt":{"version":0,"block":{"attributes":{"content":{"type":"string","description_kind":"plain","required":true},"domain":{"type":"string","description_kind":"plain","required":true},"id":{"type":"string","description_kind":"plain","optional":true,"computed":true},"name":{"type":"string","description_kind":"plain","optional":true},"ttl":{"type":"number","description_kind":"plain","required":true}},"description_kind":"plain"}}}}}}
