{"format_version":"0.1","provider_schemas":{"registry.terraform.io/hashicorp/ciscoasa":{"provider":{"version":0,"block":{"attributes":{"api_url":{"type":"string","description_kind":"plain","required":true},"password":{"type":"string","description_kind":"plain","required":true},"ssl_no_verify":{"type":"bool","description_kind":"plain","optional":true},"username":{"type":"string","description_kind":"plain","required":true}},"description_kind":"plain"}},"resource_schemas":{"ciscoasa_access_in_rules":{"version":0,"block":{"attributes":{"id":{"type":"string","description_kind":"plain","optional":true,"computed":true},"interface":{"type":"string","description_kind":"plain","required":true},"managed":{"type":"bool","description_kind":"plain","optional":true}},"block_types":{"rule":{"nesting_mode":"set","block":{"attributes":{"active":{"type":"bool","description_kind":"plain","optional":true},"destination":{"type":"string","description_kind":"plain","required":true},"destination_service":{"type":"string","description_kind":"plain","required":true},"id":{"type":"string","description_kind":"plain","computed":true},"permit":{"type":"bool","description_kind":"plain","optional":true},"source":{"type":"string","description_kind":"plain","required":true},"source_service":{"type":"string","description_kind":"plain","optional":true}},"description_kind":"plain"},"min_items":1}},"description_kind":"plain"}},"ciscoasa_access_out_rules":{"version":0,"block":{"attributes":{"id":{"type":"string","description_kind":"plain","optional":true,"computed":true},"interface":{"type":"string","description_kind":"plain","required":true},"managed":{"type":"bool","description_kind":"plain","optional":true}},"block_types":{"rule":{"nesting_mode":"set","block":{"attributes":{"active":{"type":"bool","description_kind":"plain","optional":true},"destination":{"type":"string","description_kind":"plain","required":true},"destination_service":{"type":"string","description_kind":"plain","required":true},"id":{"type":"string","description_kind":"plain","computed":true},"permit":{"type":"bool","description_kind":"plain","optional":true},"source":{"type":"string","description_kind":"plain","required":true},"source_service":{"type":"string","description_kind":"plain","optional":true}},"description_kind":"plain"},"min_items":1}},"description_kind":"plain"}},"ciscoasa_acl":{"version":0,"block":{"attributes":{"id":{"type":"string","description_kind":"plain","optional":true,"computed":true},"name":{"type":"string","description_kind":"plain","required":true}},"block_types":{"rule":{"nesting_mode":"list","block":{"attributes":{"active":{"type":"bool","description_kind":"plain","optional":true},"destination":{"type":"string","description_kind":"plain","required":true},"destination_service":{"type":"string","description_kind":"plain","required":true},"id":{"type":"string","description_kind":"plain","computed":true},"log_interval":{"type":"number","description_kind":"plain","optional":true},"log_status":{"type":"string","description_kind":"plain","optional":true},"permit":{"type":"bool","description_kind":"plain","optional":true},"remarks":{"type":["list","string"],"description_kind":"plain","optional":true},"source":{"type":"string","description_kind":"plain","required":true},"source_service":{"type":"string","description_kind":"plain","optional":true}},"description_kind":"plain"},"min_items":1}},"description_kind":"plain"}},"ciscoasa_network_object":{"version":0,"block":{"attributes":{"id":{"type":"string","description_kind":"plain","optional":true,"computed":true},"name":{"type":"string","description_kind":"plain","required":true},"value":{"type":"string","description_kind":"plain","required":true}},"description_kind":"plain"}},"ciscoasa_network_object_group":{"version":0,"block":{"attributes":{"id":{"type":"string","description_kind":"plain","optional":true,"computed":true},"members":{"type":["set","string"],"description_kind":"plain","required":true},"name":{"type":"string","description_kind":"plain","required":true}},"description_kind":"plain"}},"ciscoasa_network_service_group":{"version":0,"block":{"attributes":{"id":{"type":"string","description_kind":"plain","optional":true,"computed":true},"members":{"type":["set","string"],"description_kind":"plain","required":true},"name":{"type":"string","description_kind":"plain","required":true}},"description_kind":"plain"}},"ciscoasa_static_route":{"version":0,"block":{"attributes":{"gateway":{"type":"string","description_kind":"plain","required":true},"id":{"type":"string","description_kind":"plain","optional":true,"computed":true},"interface":{"type":"string","description_kind":"plain","required":true},"metric":{"type":"number","description_kind":"plain","optional":true},"network":{"type":"string","description_kind":"plain","required":true},"tracked":{"type":"bool","description_kind":"plain","optional":true},"tunneled":{"type":"bool","description_kind":"plain","optional":true}},"description_kind":"plain"}}}}}}
