{"format_version":"0.1","provider_schemas":{"registry.terraform.io/chmurakrajowa/ochk":{"provider":{"version":0,"block":{"attributes":{"debug_log_file":{"type":"string","description":"path to debug log","description_kind":"plain","optional":true,"sensitive":true},"host":{"type":"string","description":"host value","description_kind":"plain","optional":true},"insecure":{"type":"bool","description":"if set uses http scheme instead of https","description_kind":"plain","optional":true},"password":{"type":"string","description":"password value","description_kind":"plain","optional":true,"sensitive":true},"tenant":{"type":"string","description":"tenant value","description_kind":"plain","optional":true},"username":{"type":"string","description":"username value","description_kind":"plain","optional":true}},"description_kind":"plain"}},"resource_schemas":{"ochk_firewall_ew_rule":{"version":0,"block":{"attributes":{"action":{"type":"string","description_kind":"plain","optional":true},"created_at":{"type":"string","description_kind":"plain","computed":true},"created_by":{"type":"string","description_kind":"plain","computed":true},"destination":{"type":["set","string"],"description_kind":"plain","optional":true},"direction":{"type":"string","description_kind":"plain","optional":true},"disabled":{"type":"bool","description_kind":"plain","optional":true},"display_name":{"type":"string","description_kind":"plain","required":true},"id":{"type":"string","description_kind":"plain","optional":true,"computed":true},"ip_protocol":{"type":"string","description_kind":"plain","optional":true},"modified_at":{"type":"string","description_kind":"plain","computed":true},"modified_by":{"type":"string","description_kind":"plain","computed":true},"security_policy_id":{"type":"string","description_kind":"plain","required":true},"services":{"type":["set","string"],"description_kind":"plain","optional":true},"source":{"type":["set","string"],"description_kind":"plain","optional":true}},"block_types":{"position":{"nesting_mode":"list","block":{"attributes":{"revise_operation":{"type":"string","description_kind":"plain","required":true},"rule_id":{"type":"string","description_kind":"plain","optional":true}},"description_kind":"plain"},"max_items":1},"timeouts":{"nesting_mode":"single","block":{"attributes":{"create":{"type":"string","description_kind":"plain","optional":true},"delete":{"type":"string","description_kind":"plain","optional":true},"update":{"type":"string","description_kind":"plain","optional":true}},"description_kind":"plain"}}},"description_kind":"plain"}},"ochk_firewall_sn_rule":{"version":0,"block":{"attributes":{"action":{"type":"string","description_kind":"plain","optional":true},"created_at":{"type":"string","description_kind":"plain","computed":true},"created_by":{"type":"string","description_kind":"plain","computed":true},"destination":{"type":["set","string"],"description_kind":"plain","optional":true},"direction":{"type":"string","description_kind":"plain","optional":true},"disabled":{"type":"bool","description_kind":"plain","optional":true},"display_name":{"type":"string","description_kind":"plain","required":true},"gateway_policy_id":{"type":"string","description_kind":"plain","required":true},"id":{"type":"string","description_kind":"plain","optional":true,"computed":true},"ip_protocol":{"type":"string","description_kind":"plain","optional":true},"modified_at":{"type":"string","description_kind":"plain","computed":true},"modified_by":{"type":"string","description_kind":"plain","computed":true},"scope":{"type":["set","string"],"description_kind":"plain","required":true},"services":{"type":["set","string"],"description_kind":"plain","optional":true},"source":{"type":["set","string"],"description_kind":"plain","optional":true}},"block_types":{"position":{"nesting_mode":"list","block":{"attributes":{"revise_operation":{"type":"string","description_kind":"plain","required":true},"rule_id":{"type":"string","description_kind":"plain","optional":true}},"description_kind":"plain"},"max_items":1},"timeouts":{"nesting_mode":"single","block":{"attributes":{"create":{"type":"string","description_kind":"plain","optional":true},"delete":{"type":"string","description_kind":"plain","optional":true},"update":{"type":"string","description_kind":"plain","optional":true}},"description_kind":"plain"}}},"description_kind":"plain"}},"ochk_router":{"version":0,"block":{"attributes":{"created_at":{"type":"string","description_kind":"plain","computed":true},"created_by":{"type":"string","description_kind":"plain","computed":true},"display_name":{"type":"string","description_kind":"plain","required":true},"id":{"type":"string","description_kind":"plain","optional":true,"computed":true},"modified_at":{"type":"string","description_kind":"plain","computed":true},"modified_by":{"type":"string","description_kind":"plain","computed":true},"router_type":{"type":"string","description_kind":"plain","computed":true}},"block_types":{"timeouts":{"nesting_mode":"single","block":{"attributes":{"create":{"type":"string","description_kind":"plain","optional":true},"delete":{"type":"string","description_kind":"plain","optional":true},"update":{"type":"string","description_kind":"plain","optional":true}},"description_kind":"plain"}}},"description_kind":"plain"}},"ochk_security_group":{"version":0,"block":{"attributes":{"created_at":{"type":"string","description_kind":"plain","computed":true},"created_by":{"type":"string","description_kind":"plain","computed":true},"display_name":{"type":"string","description_kind":"plain","required":true},"id":{"type":"string","description_kind":"plain","optional":true,"computed":true},"modified_at":{"type":"string","description_kind":"plain","computed":true},"modified_by":{"type":"string","description_kind":"plain","computed":true}},"block_types":{"members":{"nesting_mode":"set","block":{"attributes":{"display_name":{"type":"string","description_kind":"plain","computed":true},"id":{"type":"string","description_kind":"plain","required":true},"type":{"type":"string","description_kind":"plain","required":true}},"description_kind":"plain"},"min_items":1},"timeouts":{"nesting_mode":"single","block":{"attributes":{"create":{"type":"string","description_kind":"plain","optional":true},"delete":{"type":"string","description_kind":"plain","optional":true},"update":{"type":"string","description_kind":"plain","optional":true}},"description_kind":"plain"}}},"description_kind":"plain"}}},"data_source_schemas":{"ochk_gateway_policy":{"version":0,"block":{"attributes":{"created_at":{"type":"string","description_kind":"plain","computed":true},"created_by":{"type":"string","description_kind":"plain","computed":true},"display_name":{"type":"string","description_kind":"plain","required":true},"id":{"type":"string","description_kind":"plain","optional":true,"computed":true},"modified_at":{"type":"string","description_kind":"plain","computed":true},"modified_by":{"type":"string","description_kind":"plain","computed":true}},"description_kind":"plain"}},"ochk_ip_set":{"version":0,"block":{"attributes":{"addresses":{"type":["set",["object",{"address":"string","id":"number"}]],"description_kind":"plain","computed":true},"created_at":{"type":"string","description_kind":"plain","computed":true},"created_by":{"type":"string","description_kind":"plain","computed":true},"display_name":{"type":"string","description_kind":"plain","required":true},"id":{"type":"string","description_kind":"plain","optional":true,"computed":true},"modified_at":{"type":"string","description_kind":"plain","computed":true},"modified_by":{"type":"string","description_kind":"plain","computed":true}},"description_kind":"plain"}},"ochk_logical_port":{"version":0,"block":{"attributes":{"display_name":{"type":"string","description_kind":"plain","required":true},"id":{"type":"string","description_kind":"plain","optional":true,"computed":true}},"description_kind":"plain"}},"ochk_router":{"version":0,"block":{"attributes":{"created_at":{"type":"string","description_kind":"plain","computed":true},"created_by":{"type":"string","description_kind":"plain","computed":true},"display_name":{"type":"string","description_kind":"plain","required":true},"id":{"type":"string","description_kind":"plain","optional":true,"computed":true},"modified_at":{"type":"string","description_kind":"plain","computed":true},"modified_by":{"type":"string","description_kind":"plain","computed":true},"router_type":{"type":"string","description_kind":"plain","computed":true}},"description_kind":"plain"}},"ochk_security_group":{"version":0,"block":{"attributes":{"created_at":{"type":"string","description_kind":"plain","computed":true},"created_by":{"type":"string","description_kind":"plain","computed":true},"display_name":{"type":"string","description_kind":"plain","required":true},"id":{"type":"string","description_kind":"plain","optional":true,"computed":true},"members":{"type":["set",["object",{"display_name":"string","id":"string","type":"string"}]],"description_kind":"plain","computed":true},"modified_at":{"type":"string","description_kind":"plain","computed":true},"modified_by":{"type":"string","description_kind":"plain","computed":true}},"description_kind":"plain"}},"ochk_security_policy":{"version":0,"block":{"attributes":{"created_at":{"type":"string","description_kind":"plain","computed":true},"created_by":{"type":"string","description_kind":"plain","computed":true},"display_name":{"type":"string","description_kind":"plain","required":true},"id":{"type":"string","description_kind":"plain","optional":true,"computed":true},"modified_at":{"type":"string","description_kind":"plain","computed":true},"modified_by":{"type":"string","description_kind":"plain","computed":true}},"description_kind":"plain"}},"ochk_service":{"version":0,"block":{"attributes":{"created_at":{"type":"string","description_kind":"plain","computed":true},"created_by":{"type":"string","description_kind":"plain","computed":true},"display_name":{"type":"string","description_kind":"plain","required":true},"id":{"type":"string","description_kind":"plain","optional":true,"computed":true},"modified_at":{"type":"string","description_kind":"plain","computed":true},"modified_by":{"type":"string","description_kind":"plain","computed":true}},"description_kind":"plain"}},"ochk_virtual_machine":{"version":0,"block":{"attributes":{"display_name":{"type":"string","description_kind":"plain","required":true},"host_id":{"type":"string","description_kind":"plain","computed":true},"id":{"type":"string","description_kind":"plain","optional":true,"computed":true}},"description_kind":"plain"}}}}}}
