{"format_version":"0.1","provider_schemas":{"registry.terraform.io/hashicorp/ad":{"provider":{"version":0,"block":{"attributes":{"winrm_hostname":{"type":"string","description":"The hostname of the server we will use to run powershell scripts over WinRM. (Environment variable: AD_HOSTNAME)","description_kind":"plain","required":true},"winrm_insecure":{"type":"bool","description":"Trust unknown certificates. (default: false, environment variable: AD_WINRM_INSECURE)","description_kind":"plain","optional":true},"winrm_password":{"type":"string","description":"The password used to authenticate to the the server's WinRM service. (Environment variable: AD_PASSWORD)","description_kind":"plain","required":true},"winrm_port":{"type":"number","description":"The port WinRM is listening for connections. (default: 5985, environment variable: AD_PORT)","description_kind":"plain","optional":true},"winrm_proto":{"type":"string","description":"The WinRM protocol we will use. (default: http, environment variable: AD_PROTO)","description_kind":"plain","optional":true},"winrm_username":{"type":"string","description":"The username used to authenticate to the the server's WinRM service. (Environment variable: AD_USER)","description_kind":"plain","required":true}},"description_kind":"plain"}},"resource_schemas":{"ad_computer":{"version":0,"block":{"attributes":{"container":{"type":"string","description":"The DN of the container used to hold the computer account.","description_kind":"plain","optional":true,"computed":true},"dn":{"type":"string","description_kind":"plain","computed":true},"guid":{"type":"string","description_kind":"plain","computed":true},"id":{"type":"string","description_kind":"plain","optional":true,"computed":true},"name":{"type":"string","description":"The name for the computer account.","description_kind":"plain","required":true},"pre2kname":{"type":"string","description":"The pre-win2k name for the computer account.","description_kind":"plain","optional":true,"computed":true}},"description":"`ad_computer` manages computer objects in an AD tree.","description_kind":"plain"}},"ad_gplink":{"version":0,"block":{"attributes":{"enabled":{"type":"bool","description":"Controls the state of the GP link between a GPO and a container object.","description_kind":"plain","optional":true},"enforced":{"type":"bool","description":"If set to true, the GPO will be enforced on the container object.","description_kind":"plain","optional":true},"gpo_guid":{"type":"string","description":"The GUID of the GPO that will be linked to the container object.","description_kind":"plain","required":true},"id":{"type":"string","description_kind":"plain","optional":true,"computed":true},"order":{"type":"number","description":"Sets the precedence between multiple GPOs linked to the same container object.","description_kind":"plain","optional":true},"target_dn":{"type":"string","description":"The DN of the object the GPO will be linked to.","description_kind":"plain","required":true}},"description":"`ad_gplink` manages links between GPOs and container objects such as OUs.","description_kind":"plain"}},"ad_gpo":{"version":0,"block":{"attributes":{"description":{"type":"string","description":"Description of the GPO.","description_kind":"plain","optional":true},"dn":{"type":"string","description_kind":"plain","computed":true},"domain":{"type":"string","description":"Domain of the GPO.","description_kind":"plain","optional":true},"id":{"type":"string","description_kind":"plain","optional":true,"computed":true},"name":{"type":"string","description":"Name of the GPO.","description_kind":"plain","required":true},"numeric_status":{"type":"number","description_kind":"plain","computed":true},"status":{"type":"string","description":"Status of the GPO. Can be one of `AllSettingsEnabled`, `UserSettingsDisabled`, `ComputerSettingsDisabled`, or `AllSettingsDisabled` (case sensitive).","description_kind":"plain","optional":true}},"description":"`ad_gpo` manages Group Policy Objects (GPOs).","description_kind":"plain"}},"ad_gpo_security":{"version":0,"block":{"attributes":{"gpo_container":{"type":"string","description":"The GUID of the container the security settings belong to.","description_kind":"plain","required":true},"id":{"type":"string","description_kind":"plain","optional":true,"computed":true}},"block_types":{"account_lockout":{"nesting_mode":"list","block":{"attributes":{"force_logoff_when_hour_expire":{"type":"string","description":"Disconnect SMB sessions when logon hours expire.","description_kind":"plain","optional":true},"lockout_bad_count":{"type":"string","description":"Number of failed logon attempts until a account is locked.","description_kind":"plain","optional":true},"lockout_duration":{"type":"string","description":"Number of minutes a locked out account must remain locked out.","description_kind":"plain","optional":true},"reset_lockout_count":{"type":"string","description":"Number of minutes a account will remain locked after a failed logon attempt.","description_kind":"plain","optional":true}},"description":"Settings related to account lockout. (https://docs.microsoft.com/en-us/openspecs/windows_protocols/ms-gpsb/2cd39c97-97cd-4859-a7b4-1229dad5f53d)","description_kind":"plain"},"max_items":1},"application_log":{"nesting_mode":"list","block":{"attributes":{"audit_log_retention_period":{"type":"string","description":"Control log retention. Values: 0: overwrite events as needed, 1: overwrite events as specified specified by `retention_days`, 2: never overwrite events.","description_kind":"plain","optional":true},"maximum_log_size":{"type":"string","description":"Maximum size of log in KiloBytes. (64-4194240)","description_kind":"plain","optional":true},"restrict_guest_access":{"type":"string","description":"Restrict access to logs for guest users. A non-zero value restricts access to guest users.","description_kind":"plain","optional":true},"retention_days":{"type":"string","description":"Number of days before new events overwrite old events. (1-365)","description_kind":"plain","optional":true}},"description":"Application log related settings. (https://docs.microsoft.com/en-us/openspecs/windows_protocols/ms-gpsb/0b9673a7-ce0a-49b4-912b-591efdb37cdf)","description_kind":"plain"},"max_items":1},"audit_log":{"nesting_mode":"list","block":{"attributes":{"audit_log_retention_period":{"type":"string","description":"Control log retention. Values: 0: overwrite events as needed, 1: overwrite events as specified specified by `retention_days`, 2: never overwrite events.","description_kind":"plain","optional":true},"maximum_log_size":{"type":"string","description":"Maximum size of log in KiloBytes. (64-4194240)","description_kind":"plain","optional":true},"restrict_guest_access":{"type":"string","description":"Restrict access to logs for guest users. A non-zero value restricts access to guest users.","description_kind":"plain","optional":true},"retention_days":{"type":"string","description":"Number of days before new events overwrite old events. (1-365)","description_kind":"plain","optional":true}},"description":"Audit log related settings. (https://docs.microsoft.com/en-us/openspecs/windows_protocols/ms-gpsb/0b9673a7-ce0a-49b4-912b-591efdb37cdf)","description_kind":"plain"},"max_items":1},"event_audit":{"nesting_mode":"list","block":{"attributes":{"audit_account_logon":{"type":"string","description":"Audit credential validation.","description_kind":"plain","optional":true},"audit_account_manage":{"type":"string","description":"Audit account management events.","description_kind":"plain","optional":true},"audit_ds_access":{"type":"string","description":"Audit access attempts to AD objects.","description_kind":"plain","optional":true},"audit_logon_events":{"type":"string","description":"Audit logon events.","description_kind":"plain","optional":true},"audit_object_access":{"type":"string","description":"Audit access attempts to non-AD objects.","description_kind":"plain","optional":true},"audit_policy_change":{"type":"string","description":"Audit attempts to change a policy.","description_kind":"plain","optional":true},"audit_privilege_use":{"type":"string","description":"Audit user attempts of exercising user rights.","description_kind":"plain","optional":true},"audit_process_tracking":{"type":"string","description":"Audit process related events.","description_kind":"plain","optional":true},"audit_system_events":{"type":"string","description":"Audit system events.","description_kind":"plain","optional":true}},"description":"Event audit related settings. (https://docs.microsoft.com/en-us/openspecs/windows_protocols/ms-gpsb/01f8e057-f6a8-4d6e-8a00-99bcd241b403). Valid values for all items below are: 0 (None), 1 (Success audits only), 2 (Failure audits only), 3 (Success and failure audits), 4 (None)","description_kind":"plain"},"max_items":1},"filesystem":{"nesting_mode":"set","block":{"attributes":{"acl":{"type":"string","description":"Security descriptor to apply. (https://docs.microsoft.com/en-us/openspecs/windows_protocols/ms-dtyp/f4296d69-1c0f-491f-9587-a960b292d070)","description_kind":"plain","required":true},"path":{"type":"string","description":"Path of the file or directory.","description_kind":"plain","required":true},"propagation_mode":{"type":"string","description":"Control permission propagation. 0: Propagate permissions to all subfolders and files, 1: Replace existing permissions on all subfolders and files, 2: Do not allow permissions to be replaced.","description_kind":"plain","required":true}},"description":"Settings related to File System permissions. (https://docs.microsoft.com/en-us/openspecs/windows_protocols/ms-gpsb/abeebe06-49aa-44d4-ae5b-d6aff458e8e7)","description_kind":"plain"}},"kerberos_policy":{"nesting_mode":"list","block":{"attributes":{"max_clock_skew":{"type":"string","description":"Maximum time difference, in minutes, between the client clock and the server clock. (0-99999).","description_kind":"plain","optional":true},"max_renew_age":{"type":"string","description":"Number of days during which a ticket-granting ticket can be renewed (0-99999).","description_kind":"plain","optional":true},"max_service_age":{"type":"string","description":"Maximum amount of minutes a ticket must be valid to access a service or resource. Minimum should be 10 and maximum should be equal to `max_ticket_age`.","description_kind":"plain","optional":true},"max_ticket_age":{"type":"string","description":"Maximum amount of hours a ticket-granting ticket is valid (0-99999).","description_kind":"plain","optional":true},"ticket_validate_client":{"type":"string","description":"Control if the session ticket is validated for every request. A non-zero value disables the policy.","description_kind":"plain","optional":true}},"description":"Settings related to kerberos policies. (https://docs.microsoft.com/en-us/openspecs/windows_protocols/ms-gpsb/0fce5b92-bcc1-4b96-9c2b-56397c3f144f)","description_kind":"plain"},"max_items":1},"password_policies":{"nesting_mode":"list","block":{"attributes":{"clear_text_password":{"type":"string","description":"Store password with reversible encryption (0-2^16). The password will not be stored with reversible encryption if the value is set to 0. Reversible encryption will be used in any other case.","description_kind":"plain","optional":true},"maximum_password_age":{"type":"string","description":"Number of days before password expires (-1-999). If set to -1, it means the password never expires.","description_kind":"plain","optional":true},"minimum_password_age":{"type":"string","description":"Number of days a password must be used before changing it (0-999).","description_kind":"plain","optional":true},"minimum_password_length":{"type":"string","description":"Minimum number of characters used in a password (0-2^16). If set to 0, it means no password is required.","description_kind":"plain","optional":true},"password_complexity":{"type":"string","description":"Password must meet complexity requirements (0-2^16). If set to 0, then requirements do not apply, any other value means requirements are applied","description_kind":"plain","optional":true},"password_history_size":{"type":"string","description":"The number of unique new passwords that are required before an old password can be reused in association with a user account (0-2^16).  A value of 0 indicates that the password history is disabled.","description_kind":"plain","optional":true}},"description":"Settings related to password policies. (https://docs.microsoft.com/en-us/openspecs/windows_protocols/ms-gpsb/0b40db09-d95d-40a6-8467-32aedec8140c)","description_kind":"plain"},"max_items":1},"registry_keys":{"nesting_mode":"set","block":{"attributes":{"acl":{"type":"string","description":"Security descriptor to apply. (https://docs.microsoft.com/en-us/openspecs/windows_protocols/ms-dtyp/f4296d69-1c0f-491f-9587-a960b292d070)","description_kind":"plain","required":true},"key_name":{"type":"string","description":"Fully qualified name of the key (https://docs.microsoft.com/en-us/openspecs/windows_protocols/ms-rrp/97587de7-3524-4291-8527-3951711      0c0eb)","description_kind":"plain","required":true},"propagation_mode":{"type":"string","description":"Control permission propagation. 0: Propagate permissions to all subkeys, 1: Replace existing permissions on all subkeys, 2: Do not allow permissions to be replaced on the key.","description_kind":"plain","required":true}},"description":"Settings related to Registry Keys. (https://docs.microsoft.com/en-us/openspecs/windows_protocols/ms-gpsb/13712a60-de1e-4642-bd9c-ab054dd86278)","description_kind":"plain"}},"registry_values":{"nesting_mode":"set","block":{"attributes":{"key_name":{"type":"string","description":"Fully qualified name of the key (https://docs.microsoft.com/en-us/openspecs/windows_protocols/ms-rrp/97587de7-3524-4291-8527-39517110c0eb)","description_kind":"plain","required":true},"value":{"type":"string","description":"The value of the key, matching the type set in `value_type`.","description_kind":"plain","required":true},"value_type":{"type":"string","description":"Data type of the key's value. 1: String, 2: Expand String, 3: Binary, 4: DWORD, 5: MULTI_SZ.","description_kind":"plain","required":true}},"description":"Settings related to Registry Values. (https://docs.microsoft.com/en-us/openspecs/windows_protocols/ms-gpsb/3a14ca47-a22f-43c5-b35e-6be791003ca7)","description_kind":"plain"}},"restricted_groups":{"nesting_mode":"set","block":{"attributes":{"group_memberof":{"type":"string","description":"Comma separated list of group names or SIDs that this group belongs to.","description_kind":"plain","required":true},"group_members":{"type":"string","description":"Comma separated list of group names or SIDs that are members of the group.","description_kind":"plain","required":true},"group_name":{"type":"string","description":"Name of the group we are managing.","description_kind":"plain","required":true}},"description":"Settings related to Groups Membership. (https://docs.microsoft.com/en-us/openspecs/windows_protocols/ms-gpsb/b73d8bae-ed22-48aa-acba-7065ab52d709)","description_kind":"plain"}},"system_log":{"nesting_mode":"list","block":{"attributes":{"audit_log_retention_period":{"type":"string","description":"Control log retention. Values: 0: overwrite events as needed, 1: overwrite events as specified specified by `retention_days`, 2: never overwrite events.","description_kind":"plain","optional":true},"maximum_log_size":{"type":"string","description":"Maximum size of log in KiloBytes. (64-4194240)","description_kind":"plain","optional":true},"restrict_guest_access":{"type":"string","description":"Restrict access to logs for guest users. A non-zero value restricts access to guest users.","description_kind":"plain","optional":true},"retention_days":{"type":"string","description":"Number of days before new events overwrite old events. (1-365)","description_kind":"plain","optional":true}},"description":"System log related settings. (https://docs.microsoft.com/en-us/openspecs/windows_protocols/ms-gpsb/0b9673a7-ce0a-49b4-912b-591efdb37cdf)","description_kind":"plain"},"max_items":1},"system_services":{"nesting_mode":"set","block":{"attributes":{"acl":{"type":"string","description":"Security descriptor to apply. (https://docs.microsoft.com/en-us/openspecs/windows_protocols/ms-dtyp/f4296d69-1c0f-491f-9587-a960b292d070)","description_kind":"plain","required":true},"service_name":{"type":"string","description":"Name of the service.","description_kind":"plain","required":true},"startup_mode":{"type":"string","description":"Startup mode of the service. Possible values are 2: Automatic, 3: Manual, 4: Disabled.","description_kind":"plain","required":true}},"description":"Settings related to System Services. (https://docs.microsoft.com/en-us/openspecs/windows_protocols/ms-gpsb/32deea3e-3fa4-414b-ba25-4121ad8c055c)","description_kind":"plain"}}},"description":"`ad_gpo_security` manages the security settings portion of a Group Policy Object (GPO).","description_kind":"plain"}},"ad_group":{"version":0,"block":{"attributes":{"category":{"type":"string","description":"The group's category. Can be one of `system` or `security` (case sensitive).","description_kind":"plain","optional":true},"container":{"type":"string","description":"A DN of a container object holding the group.","description_kind":"plain","required":true},"id":{"type":"string","description_kind":"plain","optional":true,"computed":true},"name":{"type":"string","description":"The name of the group.","description_kind":"plain","required":true},"sam_account_name":{"type":"string","description":"The pre-win2k name of the group.","description_kind":"plain","required":true},"scope":{"type":"string","description":"The group's scope. Can be one of `global`, `local`, or `universal` (case sensitive).","description_kind":"plain","optional":true}},"description":"`ad_group` manages Group objects in an Active Directory tree.","description_kind":"plain"}},"ad_ou":{"version":0,"block":{"attributes":{"description":{"type":"string","description":"Description of the OU.","description_kind":"plain","optional":true},"dn":{"type":"string","description":"The OU's DN.","description_kind":"plain","computed":true},"guid":{"type":"string","description":"The OU's GUID.","description_kind":"plain","computed":true},"id":{"type":"string","description_kind":"plain","optional":true,"computed":true},"name":{"type":"string","description":"Name of the OU.","description_kind":"plain","required":true},"path":{"type":"string","description":"DN of the object that contains the OU.","description_kind":"plain","optional":true},"protected":{"type":"bool","description":"Protect this OU from being deleted accidentaly.","description_kind":"plain","optional":true}},"description":"`ad_ou` manages OU objects in an AD tree.","description_kind":"plain"}},"ad_user":{"version":0,"block":{"attributes":{"cannot_change_password":{"type":"bool","description":"If set to true, the user will not be allowed to change their password.","description_kind":"plain","optional":true},"container":{"type":"string","description":"A DN of the container object that will be holding the user.","description_kind":"plain","optional":true},"display_name":{"type":"string","description":"The Display Name of an Active Directory user.","description_kind":"plain","required":true},"enabled":{"type":"bool","description":"If set to false, the user will be disabled.","description_kind":"plain","optional":true},"id":{"type":"string","description_kind":"plain","optional":true,"computed":true},"initial_password":{"type":"string","description":"The user's initial password. This will be set on creation but will *not* be enforced in subsequent plans.","description_kind":"plain","optional":true},"password_never_expires":{"type":"bool","description":"If set to true, the password for this user will not expire.","description_kind":"plain","optional":true},"principal_name":{"type":"string","description":"The Principal Name of an Active Directory user.","description_kind":"plain","required":true},"sam_account_name":{"type":"string","description":"The pre-win2k user logon name.","description_kind":"plain","required":true}},"description":"`ad_user` manages User objects in an Active Directory tree.","description_kind":"plain"}}},"data_source_schemas":{"ad_computer":{"version":0,"block":{"attributes":{"dn":{"type":"string","description":"The Distinguished Name of the computer object.","description_kind":"plain","optional":true},"guid":{"type":"string","description":"The GUID of the computer object.","description_kind":"plain","optional":true},"id":{"type":"string","description_kind":"plain","optional":true,"computed":true},"name":{"type":"string","description":"The name of the computer object.","description_kind":"plain","computed":true}},"description":"Get the details of an Active Directory Computer object.","description_kind":"plain"}},"ad_gpo":{"version":0,"block":{"attributes":{"domain":{"type":"string","description":"Domain of the GPO.","description_kind":"plain","computed":true},"guid":{"type":"string","description":"GUID of the GPO.","description_kind":"plain","optional":true},"id":{"type":"string","description_kind":"plain","optional":true,"computed":true},"name":{"type":"string","description":"Name of the GPO.","description_kind":"plain","optional":true}},"description":"Get the details of an Active Directory Group Policy Object.","description_kind":"plain"}},"ad_group":{"version":0,"block":{"attributes":{"category":{"type":"string","description":"The Group's category.","description_kind":"plain","computed":true},"display_name":{"type":"string","description":"The display name of the Group object.","description_kind":"plain","computed":true},"guid":{"type":"string","description":"The GUID of the Group object.","description_kind":"plain","required":true},"id":{"type":"string","description_kind":"plain","optional":true,"computed":true},"name":{"type":"string","description":"The name of the Group object.","description_kind":"plain","computed":true},"sam_account_name":{"type":"string","description":"The SAM account name of the Group object.","description_kind":"plain","computed":true},"scope":{"type":"string","description":"The Group's scope.","description_kind":"plain","computed":true}},"description":"Get the details of an Active Directory Group object.","description_kind":"plain"}},"ad_ou":{"version":0,"block":{"attributes":{"description":{"type":"string","description":"The OU's description.","description_kind":"plain","computed":true},"dn":{"type":"string","description":"Distinguished Name of the OU object.","description_kind":"plain","optional":true},"id":{"type":"string","description_kind":"plain","optional":true,"computed":true},"name":{"type":"string","description":"Name of the OU object. If this is used then the `path` attribute needs to be set as well.","description_kind":"plain","optional":true},"path":{"type":"string","description":"Path of the OU object. If this is used then the `Name` attribute needs to be set as well.","description_kind":"plain","optional":true},"protected":{"type":"string","description":"The OU's protected status.","description_kind":"plain","computed":true}},"description":"Get the details of an Organizational Unit Active Directory object.","description_kind":"plain"}},"ad_user":{"version":0,"block":{"attributes":{"display_name":{"type":"string","description":"The display name of the user object.","description_kind":"plain","computed":true},"guid":{"type":"string","description":"The GUID of the user object.","description_kind":"plain","required":true},"id":{"type":"string","description_kind":"plain","optional":true,"computed":true},"principal_name":{"type":"string","description":"The principal name of the user object.","description_kind":"plain","computed":true},"sam_account_name":{"type":"string","description":"The SAM account name of the user object.","description_kind":"plain","computed":true}},"description":"Get the details of an Active Directory user object.","description_kind":"plain"}}}}}}
