{"format_version":"0.1","provider_schemas":{"registry.terraform.io/devans10/ovm":{"provider":{"version":0,"block":{"attributes":{"entrypoint":{"type":"string","description_kind":"plain","optional":true},"password":{"type":"string","description_kind":"plain","optional":true},"user":{"type":"string","description_kind":"plain","optional":true}},"description_kind":"plain"}},"resource_schemas":{"ovm_vd":{"version":0,"block":{"attributes":{"description":{"type":"string","description_kind":"plain","optional":true,"computed":true},"id":{"type":"string","description_kind":"plain","optional":true,"computed":true},"name":{"type":"string","description_kind":"plain","optional":true,"computed":true},"repositoryid":{"type":"string","description_kind":"plain","required":true},"shareable":{"type":"bool","description_kind":"plain","optional":true,"computed":true},"size":{"type":"number","description_kind":"plain","required":true},"sparse":{"type":"bool","description_kind":"plain","required":true}},"description_kind":"plain"}},"ovm_vdm":{"version":0,"block":{"attributes":{"description":{"type":"string","description_kind":"plain","optional":true,"computed":true},"id":{"type":"string","description_kind":"plain","optional":true,"computed":true},"name":{"type":"string","description_kind":"plain","optional":true,"computed":true},"slot":{"type":"number","description_kind":"plain","required":true},"vdid":{"type":"string","description_kind":"plain","required":true},"vmid":{"type":"string","description_kind":"plain","required":true}},"description_kind":"plain"}},"ovm_vm":{"version":0,"block":{"attributes":{"architecture":{"type":"string","description_kind":"plain","computed":true},"bootorder":{"type":["list","string"],"description_kind":"plain","optional":true,"computed":true},"cpucount":{"type":"number","description_kind":"plain","optional":true,"computed":true},"cpucountlimit":{"type":"number","description_kind":"plain","optional":true,"computed":true},"cpupriority":{"type":"number","description_kind":"plain","optional":true},"cpuutilizationcap":{"type":"number","description_kind":"plain","optional":true},"description":{"type":"string","description_kind":"plain","optional":true,"computed":true},"disklimit":{"type":"number","description_kind":"plain","computed":true},"generation":{"type":"number","description_kind":"plain","computed":true},"guestdriverversion":{"type":"string","description_kind":"plain","computed":true},"highavailability":{"type":"bool","description_kind":"plain","optional":true},"hugepagesenabled":{"type":"bool","description_kind":"plain","optional":true},"id":{"type":"string","description_kind":"plain","optional":true,"computed":true},"imageid":{"type":"string","description_kind":"plain","optional":true,"computed":true},"kernelversion":{"type":"string","description_kind":"plain","computed":true},"keymapname":{"type":"string","description_kind":"plain","computed":true},"locked":{"type":"bool","description_kind":"plain","computed":true},"memory":{"type":"number","description_kind":"plain","optional":true,"computed":true},"memorylimit":{"type":"number","description_kind":"plain","optional":true,"computed":true},"name":{"type":"string","description_kind":"plain","optional":true,"computed":true},"networkinstallpath":{"type":"string","description_kind":"plain","optional":true,"computed":true},"origin":{"type":"string","description_kind":"plain","computed":true},"ostype":{"type":"string","description_kind":"plain","optional":true,"computed":true},"osverion":{"type":"string","description_kind":"plain","computed":true},"pinnedcpus":{"type":"string","description_kind":"plain","computed":true},"readonly":{"type":"bool","description_kind":"plain","computed":true},"repositoryid":{"type":["map","string"],"description_kind":"plain","required":true},"restartactiononcrash":{"type":"string","description_kind":"plain","optional":true,"computed":true},"restartactiononpoweroff":{"type":"string","description_kind":"plain","optional":true,"computed":true},"restartactiononrestart":{"type":"string","description_kind":"plain","optional":true,"computed":true},"sendmessages":{"type":["map","string"],"description_kind":"plain","optional":true},"serverid":{"type":["map","string"],"description_kind":"plain","optional":true,"computed":true},"serverpoolid":{"type":["map","string"],"description_kind":"plain","required":true},"sslttyport":{"type":"string","description_kind":"plain","computed":true},"sslvncport":{"type":"string","description_kind":"plain","computed":true},"vmapiversion":{"type":"string","description_kind":"plain","computed":true},"vmclonedefinitionid":{"type":"string","description_kind":"plain","optional":true},"vmclonedefinitionids":{"type":["set",["object",{"id":"string","name":"string","type":"string","uri":"string","value":"string"}]],"description_kind":"plain","computed":true},"vmconfigfileabsolutepath":{"type":"string","description_kind":"plain","computed":true},"vmconfigfilemountedpath":{"type":"string","description_kind":"plain","computed":true},"vmdomaintype":{"type":"string","description_kind":"plain","optional":true},"vmmousetype":{"type":"string","description_kind":"plain","optional":true,"computed":true},"vmrunstate":{"type":"string","description_kind":"plain","computed":true},"vmstartpolicy":{"type":"string","description_kind":"plain","optional":true,"computed":true}},"block_types":{"affinitygroupids":{"nesting_mode":"set","block":{"attributes":{"id":{"type":"string","description_kind":"plain","required":true},"name":{"type":"string","description_kind":"plain","required":true},"type":{"type":"string","description_kind":"plain","required":true},"uri":{"type":"string","description_kind":"plain","required":true},"value":{"type":"string","description_kind":"plain","required":true}},"description_kind":"plain"}},"resourcegroupids":{"nesting_mode":"set","block":{"attributes":{"id":{"type":"string","description_kind":"plain","required":true},"name":{"type":"string","description_kind":"plain","required":true},"type":{"type":"string","description_kind":"plain","required":true},"uri":{"type":"string","description_kind":"plain","required":true},"value":{"type":"string","description_kind":"plain","required":true}},"description_kind":"plain"}},"userdata":{"nesting_mode":"set","block":{"attributes":{"key":{"type":"string","description_kind":"plain","required":true},"value":{"type":"string","description_kind":"plain","required":true}},"description_kind":"plain"}},"virtualnic":{"nesting_mode":"set","block":{"attributes":{"generation":{"type":"number","description_kind":"plain","computed":true},"macaddress":{"type":"string","description_kind":"plain","optional":true,"computed":true},"name":{"type":"string","description_kind":"plain","optional":true,"computed":true},"networkid":{"type":["map","string"],"description_kind":"plain","required":true},"vmid":{"type":["map","string"],"description_kind":"plain","computed":true}},"description_kind":"plain"}},"virtualnicids":{"nesting_mode":"set","block":{"attributes":{"id":{"type":"string","description_kind":"plain","required":true},"name":{"type":"string","description_kind":"plain","required":true},"type":{"type":"string","description_kind":"plain","required":true},"uri":{"type":"string","description_kind":"plain","required":true},"value":{"type":"string","description_kind":"plain","required":true}},"description_kind":"plain"}},"vmdiskmappingids":{"nesting_mode":"set","block":{"attributes":{"id":{"type":"string","description_kind":"plain","required":true},"name":{"type":"string","description_kind":"plain","required":true},"type":{"type":"string","description_kind":"plain","required":true},"uri":{"type":"string","description_kind":"plain","required":true},"value":{"type":"string","description_kind":"plain","required":true}},"description_kind":"plain"}}},"description_kind":"plain"}},"ovm_vmcd":{"version":0,"block":{"attributes":{"description":{"type":"string","description_kind":"plain","required":true},"id":{"type":"string","description_kind":"plain","optional":true,"computed":true},"name":{"type":"string","description_kind":"plain","required":true},"vmid":{"type":"string","description_kind":"plain","required":true}},"description_kind":"plain"}},"ovm_vmcnm":{"version":0,"block":{"attributes":{"id":{"type":"string","description_kind":"plain","optional":true,"computed":true},"name":{"type":"string","description_kind":"plain","required":true},"networkid":{"type":"string","description_kind":"plain","required":true},"virtualnicid":{"type":"string","description_kind":"plain","required":true},"vmclonedefinitionid":{"type":"string","description_kind":"plain","required":true}},"description_kind":"plain"}},"ovm_vmcsm":{"version":0,"block":{"attributes":{"clonetype":{"type":"string","description_kind":"plain","required":true},"id":{"type":"string","description_kind":"plain","optional":true,"computed":true},"name":{"type":"string","description_kind":"plain","required":true},"repositoryid":{"type":["map","string"],"description_kind":"plain","required":true},"vmclonedefinitionid":{"type":"string","description_kind":"plain","required":true},"vmdiskmappingid":{"type":"string","description_kind":"plain","required":true}},"description_kind":"plain"}}},"data_source_schemas":{"ovm_network":{"version":0,"block":{"attributes":{"id":{"type":"string","description_kind":"plain","optional":true,"computed":true},"name":{"type":"string","description_kind":"plain","required":true},"type":{"type":"string","description_kind":"plain","computed":true},"uri":{"type":"string","description_kind":"plain","computed":true},"value":{"type":"string","description_kind":"plain","computed":true}},"description_kind":"plain"}},"ovm_repository":{"version":0,"block":{"attributes":{"id":{"type":"string","description_kind":"plain","optional":true,"computed":true},"name":{"type":"string","description_kind":"plain","required":true},"type":{"type":"string","description_kind":"plain","computed":true},"uri":{"type":"string","description_kind":"plain","computed":true},"value":{"type":"string","description_kind":"plain","computed":true}},"description_kind":"plain"}},"ovm_serverpool":{"version":0,"block":{"attributes":{"id":{"type":"string","description_kind":"plain","optional":true,"computed":true},"name":{"type":"string","description_kind":"plain","required":true},"type":{"type":"string","description_kind":"plain","computed":true},"uri":{"type":"string","description_kind":"plain","computed":true},"value":{"type":"string","description_kind":"plain","computed":true}},"description_kind":"plain"}},"ovm_vm":{"version":0,"block":{"attributes":{"cpucount":{"type":"number","description_kind":"plain","computed":true},"cpucountlimit":{"type":"number","description_kind":"plain","computed":true},"highavailabiltiy":{"type":"bool","description_kind":"plain","computed":true},"hugepagesenabled":{"type":"bool","description_kind":"plain","computed":true},"id":{"type":"string","description_kind":"plain","optional":true,"computed":true},"memory":{"type":"number","description_kind":"plain","computed":true},"memorylimit":{"type":"number","description_kind":"plain","computed":true},"name":{"type":"string","description_kind":"plain","required":true},"ostype":{"type":"string","description_kind":"plain","computed":true},"osversion":{"type":"string","description_kind":"plain","computed":true},"repositoryid":{"type":["map","string"],"description_kind":"plain","required":true},"serverpoolid":{"type":["map","string"],"description_kind":"plain","computed":true},"virtualnicids":{"type":["set",["object",{"id":"string","name":"string","type":"string","uri":"string","value":"string"}]],"description_kind":"plain","computed":true},"vmdiskmappingids":{"type":["set",["object",{"id":"string","name":"string","type":"string","uri":"string","value":"string"}]],"description_kind":"plain","computed":true},"vmdomaintype":{"type":"string","description_kind":"plain","computed":true},"vmmousetype":{"type":"string","description_kind":"plain","computed":true}},"description_kind":"plain"}}}}}}
