{"format_version":"0.1","provider_schemas":{"registry.terraform.io/gpsinsight/fusionauth":{"provider":{"version":0,"block":{"attributes":{"api_key":{"type":"string","description_kind":"plain","required":true},"host":{"type":"string","description_kind":"plain","required":true}},"description_kind":"plain"}},"resource_schemas":{"fusionauth_application":{"version":0,"block":{"attributes":{"application_id":{"type":"string","description":"The Id to use for the new Application. If not specified a secure random UUID will be generated.","description_kind":"plain","optional":true},"authentication_token_configuration_enabled":{"type":"bool","description":"Determines if Users can have Authentication Tokens associated with this Application. This feature may not be enabled for the FusionAuth application.","description_kind":"plain","optional":true},"data":{"type":["map","string"],"description":"An object that can hold any information about the Application that should be persisted.","description_kind":"plain","optional":true},"id":{"type":"string","description_kind":"plain","optional":true,"computed":true},"name":{"type":"string","description":"The name of the Application.","description_kind":"plain","required":true},"passwordless_configuration_enabled":{"type":"bool","description":"Determines if passwordless login is enabled for this application.","description_kind":"plain","optional":true},"tenant_id":{"type":"string","description_kind":"plain","required":true},"verification_email_template_id":{"type":"string","description":"The Id of the Email Template that is used to send the Registration Verification emails to users. If the verifyRegistration field is true this field is required.","description_kind":"plain","optional":true},"verify_registration":{"type":"bool","description":"Whether or not registrations to this Application may be verified. When this is set to true the verificationEmailTemplateId parameter is also required.","description_kind":"plain","optional":true},"webhook_ids":{"type":["set","string"],"description":"An array of Webhook Ids. For Webhooks that are not already configured for All Applications, specifying an Id on this request will indicate the associated Webhook should handle events for this application.","description_kind":"plain","optional":true}},"block_types":{"clean_speak_configuration":{"nesting_mode":"list","block":{"attributes":{"application_ids":{"type":["set","string"],"description":"An array of UUIDs that map to the CleanSpeak applications for this Application. It is possible that a single Application in FusionAuth might have multiple Applications in CleanSpeak. For example, a FusionAuth Application for a game might have one CleanSpeak Application for usernames and another Application for chat.","description_kind":"plain","optional":true}},"block_types":{"username_moderation":{"nesting_mode":"list","block":{"attributes":{"application_id":{"type":"string","description":"The Id of the CleanSpeak application that usernames are sent to for moderation.","description_kind":"plain","optional":true},"enabled":{"type":"bool","description":"True if CleanSpeak username moderation is enabled.","description_kind":"plain","optional":true}},"description_kind":"plain"},"max_items":1}},"description_kind":"plain"},"max_items":1},"email_configuration":{"nesting_mode":"list","block":{"attributes":{"email_verification_template_id":{"type":"string","description":"New configuration per application to specify a more specific template.","description_kind":"plain","optional":true},"forgot_password_template_id":{"type":"string","description":"New configuration per application to specify a more specific template.","description_kind":"plain","optional":true},"passwordless_email_template_id":{"type":"string","description":"New configuration per application to specify a more specific template.","description_kind":"plain","optional":true},"set_password_email_template_id":{"type":"string","description":"New configuration per application to specify a more specific template.","description_kind":"plain","optional":true}},"description_kind":"plain"},"max_items":1},"jwt_configuration":{"nesting_mode":"list","block":{"attributes":{"access_token_id":{"type":"string","description":"The Id of the signing key used to sign the access token.","description_kind":"plain","optional":true},"enabled":{"type":"bool","description":"Indicates if this application is using the JWT configuration defined here or the global JWT configuration defined by the System Configuration. If this is false the signing algorithm configured in the System Configuration will be used. If true the signing algorithm defined in this application will be used.","description_kind":"plain","optional":true},"id_token_key_id":{"type":"string","description":"The Id of the signing key used to sign the Id token.","description_kind":"plain","optional":true},"refresh_token_ttl_minutes":{"type":"number","description":"The length of time in minutes the JWT refresh token will live before it is expired and is not able to be exchanged for a JWT.","description_kind":"plain","optional":true},"ttl_seconds":{"type":"number","description":"The length of time in seconds the JWT will live before it is expired and no longer valid.","description_kind":"plain","optional":true}},"description_kind":"plain"},"max_items":1},"lambda_configuration":{"nesting_mode":"list","block":{"attributes":{"access_token_populate_id":{"type":"string","description":"The Id of the Lambda that will be invoked when an access token is generated for this application. This will be utilized during OAuth2 and OpenID Connect authentication requests as well as when an access token is generated for the Login API.","description_kind":"plain","optional":true},"id_token_populate_id":{"type":"string","description":"The Id of the Lambda that will be invoked when an Id token is generated for this application during an OpenID Connect authentication request.","description_kind":"plain","optional":true},"samlv2_populate_id":{"type":"string","description":"The Id of the Lambda that will be invoked when a a SAML response is generated during a SAML authentication request.","description_kind":"plain","optional":true}},"description_kind":"plain"},"max_items":1},"login_configuration":{"nesting_mode":"list","block":{"attributes":{"allow_token_refresh":{"type":"bool","description":"Indicates if a JWT may be refreshed using a Refresh Token for this application. This configuration is separate from issuing new Refresh Tokens which is controlled by the generateRefreshTokens parameter. This configuration indicates specifically if an existing Refresh Token may be used to request a new JWT using the Refresh API.","description_kind":"plain","optional":true},"generate_refresh_tokens":{"type":"bool","description":"Indicates if a Refresh Token should be issued from the Login API","description_kind":"plain","optional":true},"require_authentication":{"type":"bool","description":"Indicates if the Login API should require an API key. If you set this value to false and your FusionAuth API is on a public network, anyone may attempt to use the Login API.","description_kind":"plain","optional":true}},"description_kind":"plain"},"max_items":1},"oauth_configuration":{"nesting_mode":"list","block":{"attributes":{"authorized_origin_urls":{"type":["set","string"],"description":"An array of URLs that are the authorized origins for FusionAuth OAuth.","description_kind":"plain","optional":true},"authorized_redirect_urls":{"type":["set","string"],"description":"An array of URLs that are the authorized redirect URLs for FusionAuth OAuth.","description_kind":"plain","optional":true},"client_secret":{"type":"string","description":"The OAuth 2.0 client secret. If you leave this blank during a POST, a secure secret will be generated for you. If you leave this blank during PUT, the previous value will be maintained. For both POST and PUT you can provide a value and it will be stored.","description_kind":"plain","optional":true,"computed":true},"device_verification_url":{"type":"string","description":"The device verification URL to be used with the Device Code grant type, this field is required when device_code is enabled.","description_kind":"plain","optional":true},"enabled_grants":{"type":["set","string"],"description":"The enabled grants for this application. In order to utilize a particular grant with the OAuth 2.0 endpoints you must have enabled the grant.","description_kind":"plain","optional":true},"generate_refresh_tokens":{"type":"bool","description":"Determines if the OAuth 2.0 Token endpoint will generate a refresh token when the offline_access scope is requested.","description_kind":"plain","optional":true},"logout_behavior":{"type":"string","description":"Behavior when /oauth2/logout is called.","description_kind":"plain","optional":true},"logout_url":{"type":"string","description":"The logout URL for the Application. FusionAuth will redirect to this URL after the user logs out of OAuth.","description_kind":"plain","optional":true},"require_client_authentication":{"type":"bool","description":"Determines if the OAuth 2.0 Token endpoint requires client authentication. If this is enabled, the client must provide client credentials when using the Token endpoint. The client_id and client_secret may be provided using a Basic Authorization HTTP header, or by sending these parameters in the request body using POST data.","description_kind":"plain","optional":true}},"description_kind":"plain"},"max_items":1},"registration_configuration":{"nesting_mode":"list","block":{"attributes":{"confirm_password":{"type":"bool","description":"Determines if the password should be confirmed during self service registration, this means that the user will be required to type the password twice.","description_kind":"plain","optional":true},"enabled":{"type":"bool","description":"Determines if self service registration is enabled for this application. When this value is false, you may still use the Registration API, this only affects if the self service option is available during the OAuth 2.0 login.","description_kind":"plain","optional":true},"form_id":{"type":"string","description":"The Id of an associated Form when using advanced registration configuration type. This field is required when application.registrationConfiguration.type is set to advanced.","description_kind":"plain","optional":true},"login_id_type":{"type":"string","description":"The unique login Id that will be collected during registration, this value can be email or username. Leaving the default value of email is preferred because an email address is globally unique.","description_kind":"plain","optional":true},"type":{"type":"string","description":"The type of registration flow.","description_kind":"plain","optional":true}},"block_types":{"birth_date":{"nesting_mode":"list","block":{"attributes":{"enabled":{"type":"bool","description_kind":"plain","optional":true},"required":{"type":"bool","description_kind":"plain","optional":true}},"description_kind":"plain"},"max_items":1},"first_name":{"nesting_mode":"list","block":{"attributes":{"enabled":{"type":"bool","description_kind":"plain","optional":true},"required":{"type":"bool","description_kind":"plain","optional":true}},"description_kind":"plain"},"max_items":1},"full_name":{"nesting_mode":"list","block":{"attributes":{"enabled":{"type":"bool","description_kind":"plain","optional":true},"required":{"type":"bool","description_kind":"plain","optional":true}},"description_kind":"plain"},"max_items":1},"last_name":{"nesting_mode":"list","block":{"attributes":{"enabled":{"type":"bool","description_kind":"plain","optional":true},"required":{"type":"bool","description_kind":"plain","optional":true}},"description_kind":"plain"},"max_items":1},"middle_name":{"nesting_mode":"list","block":{"attributes":{"enabled":{"type":"bool","description_kind":"plain","optional":true},"required":{"type":"bool","description_kind":"plain","optional":true}},"description_kind":"plain"},"max_items":1},"mobile_phone":{"nesting_mode":"list","block":{"attributes":{"enabled":{"type":"bool","description_kind":"plain","optional":true},"required":{"type":"bool","description_kind":"plain","optional":true}},"description_kind":"plain"},"max_items":1}},"description_kind":"plain"},"max_items":1},"registration_delete_policy":{"nesting_mode":"list","block":{"attributes":{"unverified_enabled":{"type":"bool","description":"Indicates that users without a verified registration for this application will have their registration permanently deleted after application.registrationDeletePolicy.unverified.numberOfDaysToRetain days.","description_kind":"plain","optional":true},"unverified_number_of_days_to_retain":{"type":"number","description":"The number of days from registration a user’s registration will be retained before being deleted for not completing registration verification. This field is required when application.registrationDeletePolicy.enabled is set to true. Value must be greater than 0.","description_kind":"plain","optional":true}},"description_kind":"plain"},"max_items":1},"samlv2_configuration":{"nesting_mode":"list","block":{"attributes":{"audience":{"type":"string","description":"The audience for the SAML response sent to back to the service provider from FusionAuth. Some service providers require different audience values than the issuer and this configuration option lets you change the audience in the response.","description_kind":"plain","optional":true},"callback_url":{"type":"string","description":"The URL of the callback (sometimes called the Assertion Consumer Service or ACS). This is where FusionAuth sends the browser after the user logs in via SAML.","description_kind":"plain","required":true},"debug":{"type":"bool","description":"Whether or not FusionAuth will log SAML debug messages to the event log. This is useful for debugging purposes.","description_kind":"plain","optional":true},"enabled":{"type":"bool","description":"Whether or not the SAML IdP for this Application is enabled or not.","description_kind":"plain","optional":true},"issuer":{"type":"string","description":"The issuer that identifies the service provider and allows FusionAuth to load the correct Application and SAML configuration. If you don’t know the issuer, you can often times put in anything here and FusionAuth will display an error message with the issuer from the service provider when you test the SAML login.","description_kind":"plain","required":true},"key_id":{"type":"string","description":"The id of the Key used to sign the SAML response. If you do not specify this property, FusionAuth will create a new key and associate it with this Application.","description_kind":"plain","optional":true},"logout_url":{"type":"string","description":"The URL that the browser is taken to after the user logs out of the SAML service provider. Often service providers need this URL in order to correctly hook up single-logout. Note that FusionAuth does not support the SAML single-logout profile because most service providers to not support it properly.","description_kind":"plain","optional":true},"xml_signature_canonicalization_method":{"type":"string","description":"The XML signature canonicalization method used when digesting and signing the SAML response. Unfortunately, many service providers do not correctly implement the XML signature specifications and force a specific canonicalization method. This setting allows you to change the canonicalization method to match the service provider. Often, service providers don’t even document their required method. You might need to contact enterprise support at the service provider to figure out what method they use.","description_kind":"plain","optional":true}},"description_kind":"plain"},"max_items":1}},"description_kind":"plain"}},"fusionauth_application_role":{"version":0,"block":{"attributes":{"application_id":{"type":"string","description":"ID of the application that this role is for.","description_kind":"plain","required":true},"description":{"type":"string","description":"A description for the role.","description_kind":"plain","optional":true},"id":{"type":"string","description_kind":"plain","optional":true,"computed":true},"is_default":{"type":"bool","description":"Whether or not the Role is a default role. A default role is automatically assigned to a user during registration if no roles are provided.","description_kind":"plain","optional":true},"is_super_role":{"type":"bool","description":"Whether or not the Role is a considered to be a super user role. This is a marker to indicate that it supersedes all other roles. FusionAuth will attempt to enforce this contract when using the web UI, it is not enforced programmatically when using the API.","description_kind":"plain","optional":true},"name":{"type":"string","description":"The name of the Role.","description_kind":"plain","required":true}},"description_kind":"plain"}},"fusionauth_email":{"version":0,"block":{"attributes":{"default_from_name":{"type":"string","description":"The default From Name used when sending emails. If not provided, and a localized value cannot be determined, the default value for the tenant will be used. This is the display name part of the email address ( i.e. Jared Dunn \u003cjared@piedpiper.com\u003e).","description_kind":"plain","required":true},"default_html_template":{"type":"string","description":"The default HTML Email Template.","description_kind":"plain","required":true},"default_subject":{"type":"string","description":"The default Subject used when sending emails.","description_kind":"plain","required":true},"default_text_template":{"type":"string","description":"The default Text Email Template.","description_kind":"plain","required":true},"from_email":{"type":"string","description":"The email address that this email will be sent from. If not provided, the default value for the tenant will be used. This is the address part email address (i.e. Jared Dunn \u003cjared@piedpiper.com\u003e).","description_kind":"plain","required":true},"id":{"type":"string","description_kind":"plain","optional":true,"computed":true},"localized_from_names":{"type":["map","string"],"description":"The From Name used when sending emails to users who speak other languages. This overrides the default From Name based on the user’s list of preferred languages.","description_kind":"plain","optional":true},"localized_html_templates":{"type":["map","string"],"description":"The HTML Email Template used when sending emails to users who speak other languages. This overrides the default HTML Email Template based on the user’s list of preferred languages.","description_kind":"plain","optional":true},"localized_subjects":{"type":["map","string"],"description":"The Subject used when sending emails to users who speak other languages. This overrides the default Subject based on the user’s list of preferred languages.","description_kind":"plain","optional":true},"localized_text_templates":{"type":["map","string"],"description":"The Text Email Template used when sending emails to users who speak other languages. This overrides the default Text Email Template based on the user’s list of preferred languages.","description_kind":"plain","optional":true},"name":{"type":"string","description":"A descriptive name for the email template (i.e. \"April 2016 Coupon Email\")","description_kind":"plain","required":true}},"description_kind":"plain"}},"fusionauth_group":{"version":0,"block":{"attributes":{"data":{"type":["map","string"],"description":"An object that can hold any information about the Group that should be persisted.","description_kind":"plain","optional":true},"id":{"type":"string","description_kind":"plain","optional":true,"computed":true},"name":{"type":"string","description":"The name of the Group.","description_kind":"plain","required":true},"role_ids":{"type":["set","string"],"description":"The Application Roles to assign to this group.","description_kind":"plain","optional":true},"tenant_id":{"type":"string","description":"The unique Id of the tenant used to scope this API request.","description_kind":"plain","required":true}},"description_kind":"plain"}},"fusionauth_idp_google":{"version":0,"block":{"attributes":{"button_text":{"type":"string","description":"The top-level button text to use on the FusionAuth login page for this Identity Provider.","description_kind":"plain","required":true},"client_id":{"type":"string","description":"The top-level Google client id for your Application. This value is retrieved from the Google developer website when you setup your Google developer account.","description_kind":"plain","required":true},"client_secret":{"type":"string","description":"The top-level client secret to use with the Google Identity Provider when retrieving the long-lived token. This value is retrieved from the Google developer website when you setup your Google developer account.","description_kind":"plain","optional":true,"sensitive":true},"debug":{"type":"bool","description":"Determines if debug is enabled for this provider. When enabled, each time this provider is invoked to reconcile a login an Event Log will be created.","description_kind":"plain","optional":true},"enabled":{"type":"bool","description":"Determines if this provider is enabled. If it is false then it will be disabled globally.","description_kind":"plain","optional":true},"id":{"type":"string","description_kind":"plain","optional":true,"computed":true},"lambda_reconcile_id":{"type":"string","description":"The unique Id of the lambda to used during the user reconcile process to map custom claims from the external identity provider to the FusionAuth user.","description_kind":"plain","optional":true},"scope":{"type":"string","description":"The top-level scope that you are requesting from Google.","description_kind":"plain","optional":true}},"block_types":{"application_configuration":{"nesting_mode":"set","block":{"attributes":{"application_id":{"type":"string","description_kind":"plain","optional":true},"button_text":{"type":"string","description":"This is an optional Application specific override for the top level button text.","description_kind":"plain","optional":true},"client_id":{"type":"string","description":"This is an optional Application specific override for the top level client id.","description_kind":"plain","optional":true},"client_secret":{"type":"string","description":"This is an optional Application specific override for the top level client secret.","description_kind":"plain","optional":true,"sensitive":true},"create_registration":{"type":"bool","description":"Determines if a UserRegistration is created for the User automatically or not. If a user doesn’t exist in FusionAuth and logs in through an identity provider, this boolean controls whether or not FusionAuth creates a registration for the User in the Application they are logging into.","description_kind":"plain","optional":true},"enabled":{"type":"bool","description":"Determines if this identity provider is enabled for the Application specified by the applicationId key.","description_kind":"plain","optional":true},"scope":{"type":"string","description":"This is an optional Application specific override for for the top level scope.","description_kind":"plain","optional":true}},"description":"The configuration for each Application that the identity provider is enabled for.","description_kind":"plain"}}},"description_kind":"plain"}},"fusionauth_idp_open_id_connect":{"version":0,"block":{"attributes":{"button_image_url":{"type":"string","description":"The top-level button image (URL) to use on the FusionAuth login page for this Identity Provider.","description_kind":"plain","optional":true},"button_text":{"type":"string","description":"The top-level button text to use on the FusionAuth login page for this Identity Provider.","description_kind":"plain","required":true},"debug":{"type":"bool","description":"Determines if debug is enabled for this provider. When enabled, each time this provider is invoked to reconcile a login an Event Log will be created.","description_kind":"plain","optional":true},"domains":{"type":["set","string"],"description":"This is an optional list of domains that this OpenID Connect provider should be used for. This converts the FusionAuth login form to a domain-based login form. This type of form first asks the user for their email. FusionAuth then uses their email to determine if an OpenID Connect identity provider should be used. If an OpenID Connect provider should be used, the browser is redirected to the authorization endpoint of that identity provider. Otherwise, the password field is revealed on the form so that the user can login using FusionAuth.","description_kind":"plain","optional":true},"enabled":{"type":"bool","description":"Determines if this provider is enabled. If it is false then it will be disabled globally.","description_kind":"plain","optional":true},"id":{"type":"string","description_kind":"plain","optional":true,"computed":true},"lambda_reconcile_id":{"type":"string","description":"The unique Id of the lambda to used during the user reconcile process to map custom claims from the external identity provider to the FusionAuth user.","description_kind":"plain","optional":true},"name":{"type":"string","description":"The name of this OpenID Connect identity provider. This is only used for display purposes.","description_kind":"plain","required":true},"oauth2_authorization_endpoint":{"type":"string","description":"The top-level authorization endpoint for the OpenID Connect identity provider. You can leave this blank if you provide the issuer field, which will be used to make a request to the OpenID Connect .well-known endpoint in order to dynamically resolve the authorization endpoint. If you provide an issuer then this field will be ignored.","description_kind":"plain","optional":true},"oauth2_client_authentication_method":{"type":"string","description":"The client authentication method to use with the OpenID Connect identity provider.","description_kind":"plain","optional":true},"oauth2_client_id":{"type":"string","description":"The top-level client id for your Application.","description_kind":"plain","required":true},"oauth2_client_secret":{"type":"string","description":"The top-level client secret to use with the OpenID Connect identity provider.","description_kind":"plain","optional":true,"sensitive":true},"oauth2_email_claim":{"type":"string","description":"An optional configuration to modify the expected name of the claim returned by the IdP that contains the email address.","description_kind":"plain","optional":true},"oauth2_issuer":{"type":"string","description":"The top-level issuer URI for the OpenID Connect identity provider. If this is provided, the authorization endpoint, token endpoint and userinfo endpoint will all be resolved using the issuer URI plus /.well-known/openid-configuration.","description_kind":"plain","optional":true},"oauth2_scope":{"type":"string","description":"The top-level scope that you are requesting from the OpenID Connect identity provider.","description_kind":"plain","optional":true},"oauth2_token_endpoint":{"type":"string","description":"The top-level token endpoint for the OpenID Connect identity provider. You can leave this blank if you provide the issuer field, which will be used to make a request to the OpenID Connect .well-known endpoint in order to dynamically resolve the token endpoint. If you provide an issuer then this field will be ignored.","description_kind":"plain","optional":true},"oauth2_user_info_endpoint":{"type":"string","description":"The top-level userinfo endpoint for the OpenID Connect identity provider. You can leave this blank if you provide the issuer field, which will be used to make a request to the OpenID Connect .well-known endpoint in order to dynamically resolve the userinfo endpoint. If you provide an issuer then this field will be ignored.","description_kind":"plain","optional":true}},"block_types":{"application_configuration":{"nesting_mode":"set","block":{"attributes":{"application_id":{"type":"string","description_kind":"plain","optional":true},"button_image_url":{"type":"string","description":"This is an optional Application specific override for the top level button image URL.","description_kind":"plain","optional":true},"button_text":{"type":"string","description":"This is an optional Application specific override for the top level button text.","description_kind":"plain","optional":true},"create_registration":{"type":"bool","description":"Determines if a UserRegistration is created for the User automatically or not. If a user doesn’t exist in FusionAuth and logs in through an identity provider, this boolean controls whether or not FusionAuth creates a registration for the User in the Application they are logging into.","description_kind":"plain","optional":true},"enabled":{"type":"bool","description":"Determines if this identity provider is enabled for the Application specified by the applicationId key.","description_kind":"plain","optional":true},"oauth2_client_id":{"type":"string","description":"This is an optional Application specific override for the top level client id.","description_kind":"plain","optional":true},"oauth2_client_secret":{"type":"string","description":"This is an optional Application specific override for the top level client secret.","description_kind":"plain","optional":true,"sensitive":true},"oauth2_scope":{"type":"string","description":"This is an optional Application specific override for for the top level scope.","description_kind":"plain","optional":true}},"description":"The configuration for each Application that the identity provider is enabled for.","description_kind":"plain"}}},"description_kind":"plain"}},"fusionauth_key":{"version":0,"block":{"attributes":{"algorithm":{"type":"string","description":"The algorithm used to encrypt the Key. ","description_kind":"plain","required":true},"id":{"type":"string","description_kind":"plain","optional":true,"computed":true},"length":{"type":"number","description":"The length of the RSA or EC certificate. This field is required when generating RSA key types.","description_kind":"plain","optional":true},"name":{"type":"string","description":"The name of the Key.","description_kind":"plain","required":true}},"description_kind":"plain"}},"fusionauth_lambda":{"version":0,"block":{"attributes":{"body":{"type":"string","description":"The lambda function body, a JavaScript function.","description_kind":"plain","required":true},"debug":{"type":"bool","description":"Whether or not debug event logging is enabled for this Lambda.","description_kind":"plain","optional":true},"enabled":{"type":"bool","description":"Whether or not this Lambda is enabled.","description_kind":"plain","optional":true},"id":{"type":"string","description_kind":"plain","optional":true,"computed":true},"name":{"type":"string","description":"The name of the lambda.","description_kind":"plain","required":true},"type":{"type":"string","description":"The lambda type.","description_kind":"plain","required":true}},"description_kind":"plain"}},"fusionauth_tenant":{"version":0,"block":{"attributes":{"data":{"type":["map","string"],"description":"An object that can hold any information about the Tenant that should be persisted.","description_kind":"plain","optional":true},"http_session_max_inactive_interval":{"type":"number","description_kind":"plain","optional":true},"id":{"type":"string","description_kind":"plain","optional":true,"computed":true},"issuer":{"type":"string","description":"The named issuer used to sign tokens, this is generally your public fully qualified domain.","description_kind":"plain","required":true},"logout_url":{"type":"string","description":"The logout redirect URL when sending the user’s browser to the /oauth2/logout URI of the FusionAuth Front End. This value is only used when a logout URL is not defined in your Application.","description_kind":"plain","optional":true},"name":{"type":"string","description":"The unique name of the Tenant.","description_kind":"plain","required":true},"source_tentant_id":{"type":"string","description":"The optional Id of an existing Tenant to make a copy of. If present, the tenant.id and tenant.name values of the request body will be applied to the new Tenant, all other values will be copied from the source Tenant to the new Tenant.","description_kind":"plain","optional":true},"tenant_id":{"type":"string","description":"The Id to use for the new Tenant. If not specified a secure random UUID will be generated.","description_kind":"plain","optional":true},"theme_id":{"type":"string","description":"The unique Id of the theme to be used to style the login page and other end user templates.","description_kind":"plain","required":true}},"block_types":{"email_configuration":{"nesting_mode":"list","block":{"attributes":{"default_from_email":{"type":"string","description":"The default email address that emails will be sent from when a from address is not provided on an individual email template. This is the address part email address (i.e. Jared Dunn \u003cjared@piedpiper.com\u003e).","description_kind":"plain","optional":true},"default_from_name":{"type":"string","description":"The default From Name used in sending emails when a from name is not provided on an individual email template. This is the display name part of the email address ( i.e. Jared Dunn \u003cjared@piedpiper.com\u003e).","description_kind":"plain","optional":true},"forgot_password_email_template_id":{"type":"string","description":"The Id of the Email Template that is used when a user is sent a forgot password email.","description_kind":"plain","optional":true},"host":{"type":"string","description":"The host name of the SMTP server that FusionAuth will use.","description_kind":"plain","required":true},"password":{"type":"string","description":"An optional password FusionAuth will use to authenticate with the SMTP server.","description_kind":"plain","optional":true,"sensitive":true},"passwordless_email_template_id":{"type":"string","description":"The Id of the Passwordless Email Template.","description_kind":"plain","optional":true},"port":{"type":"number","description":"The port of the SMTP server that FusionAuth will use.","description_kind":"plain","required":true},"properties":{"type":"string","description":"Additional Email Configuration in a properties file formatted String.","description_kind":"plain","optional":true,"sensitive":true},"security":{"type":"string","description":"The type of security protocol FusionAuth will use when connecting to the SMTP server.","description_kind":"plain","optional":true},"set_password_email_template_id":{"type":"string","description":"The Id of the Email Template that is used when a user had their account created for them and they must set their password manually and they are sent an email to set their password.","description_kind":"plain","optional":true},"username":{"type":"string","description":"An optional username FusionAuth will to authenticate with the SMTP server.","description_kind":"plain","optional":true},"verification_email_template_id":{"type":"string","description":"The If of the Email Template that is used to send the verification emails to users. These emails are used to verify that a user’s email address is valid. If either the verifyEmail or verifyEmailWhenChanged fields are true this field is required.","description_kind":"plain","optional":true},"verify_email":{"type":"bool","description":"Whether the user’s email addresses are verified when the registers with your application.","description_kind":"plain","optional":true},"verify_email_when_changed":{"type":"bool","description":"Whether the user’s email addresses are verified when the user changes them.","description_kind":"plain","optional":true}},"description_kind":"plain"},"min_items":1,"max_items":1},"event_configuration":{"nesting_mode":"set","block":{"attributes":{"enabled":{"type":"bool","description":"Whether or not FusionAuth should send these types of events to any configured Webhooks.","description_kind":"plain","optional":true},"event":{"type":"string","description":"the event type","description_kind":"plain","optional":true},"transaction_type":{"type":"string","description":"The transaction type that FusionAuth uses when sending these types of events to any configured Webhooks.","description_kind":"plain","optional":true}},"description_kind":"plain"}},"external_identifier_configuration":{"nesting_mode":"list","block":{"attributes":{"authorization_grant_id_time_to_live_in_seconds":{"type":"number","description":"The time in seconds until a OAuth authorization code in no longer valid to be exchanged for an access token. This is essentially the time allowed between the start of an Authorization request during the Authorization code grant and when you request an access token using this authorization code on the Token endpoint.","description_kind":"plain","required":true},"change_password_id_time_to_live_in_seconds":{"type":"number","description":"The time in seconds until a change password Id is no longer valid and cannot be used by the Change Password API. Value must be greater than 0.","description_kind":"plain","required":true},"device_code_time_to_live_in_seconds":{"type":"number","description":"The time in seconds until a device code Id is no longer valid and cannot be used by the Token API. Value must be greater than 0.","description_kind":"plain","required":true},"email_verification_id_time_to_live_in_seconds":{"type":"number","description":"The time in seconds until a email verification Id is no longer valid and cannot be used by the Verify Email API. Value must be greater than 0.","description_kind":"plain","required":true},"external_authentication_id_time_to_live_in_seconds":{"type":"number","description":"The time in seconds until an external authentication Id is no longer valid and cannot be used by the Token API. Value must be greater than 0.","description_kind":"plain","required":true},"one_time_password_time_to_live_in_seconds":{"type":"number","description":"The time in seconds until a One Time Password is no longer valid and cannot be used by the Login API. Value must be greater than 0.","description_kind":"plain","required":true},"passwordless_login_time_to_live_in_seconds":{"type":"number","description":"The time in seconds until a passwordless code is no longer valid and cannot be used by the Passwordless API. Value must be greater than 0.","description_kind":"plain","required":true},"registration_verification_id_time_to_live_in_seconds":{"type":"number","description":"The time in seconds until a registration verification Id is no longer valid and cannot be used by the Verify Registration API. Value must be greater than 0.","description_kind":"plain","required":true},"setup_password_id_time_to_live_in_seconds":{"type":"number","description":"The time in seconds until a setup password Id is no longer valid and cannot be used by the Change Password API. Value must be greater than 0.","description_kind":"plain","required":true},"two_factor_id_time_to_live_in_seconds":{"type":"number","description":"The time in seconds until a two factor Id is no longer valid and cannot be used by the Two Factor Login API. Value must be greater than 0.","description_kind":"plain","required":true},"two_factor_trust_id_time_to_live_in_seconds":{"type":"number","description":"The time in seconds until an issued Two Factor trust Id is no longer valid and the User will be required to complete Two Factor authentication during the next authentication attempt. Value must be greater than 0.","description_kind":"plain","required":true}},"block_types":{"change_password_id_generator":{"nesting_mode":"list","block":{"attributes":{"length":{"type":"number","description":"The length of the secure generator used for generating the change password Id.","description_kind":"plain","required":true},"type":{"type":"string","description":"The type of the secure generator used for generating the change password Id.","description_kind":"plain","required":true}},"description_kind":"plain"},"min_items":1,"max_items":1},"device_user_code_id_generator":{"nesting_mode":"list","block":{"attributes":{"length":{"type":"number","description":"The length of the secure generator used for generating the change password Id.","description_kind":"plain","required":true},"type":{"type":"string","description":"The type of the secure generator used for generating the change password Id.","description_kind":"plain","required":true}},"description_kind":"plain"},"min_items":1,"max_items":1},"email_verification_id_generator":{"nesting_mode":"list","block":{"attributes":{"length":{"type":"number","description":"The length of the secure generator used for generating the change password Id.","description_kind":"plain","required":true},"type":{"type":"string","description":"The type of the secure generator used for generating the change password Id.","description_kind":"plain","required":true}},"description_kind":"plain"},"min_items":1,"max_items":1},"passwordless_login_generator":{"nesting_mode":"list","block":{"attributes":{"length":{"type":"number","description":"The length of the secure generator used for generating the change password Id.","description_kind":"plain","required":true},"type":{"type":"string","description":"The type of the secure generator used for generating the change password Id.","description_kind":"plain","required":true}},"description_kind":"plain"},"min_items":1,"max_items":1},"registration_verification_id_generator":{"nesting_mode":"list","block":{"attributes":{"length":{"type":"number","description":"The length of the secure generator used for generating the change password Id.","description_kind":"plain","required":true},"type":{"type":"string","description":"The type of the secure generator used for generating the change password Id.","description_kind":"plain","required":true}},"description_kind":"plain"},"min_items":1,"max_items":1},"setup_password_id_generator":{"nesting_mode":"list","block":{"attributes":{"length":{"type":"number","description":"The length of the secure generator used for generating the change password Id.","description_kind":"plain","required":true},"type":{"type":"string","description":"The type of the secure generator used for generating the change password Id.","description_kind":"plain","required":true}},"description_kind":"plain"},"min_items":1,"max_items":1}},"description_kind":"plain"},"min_items":1,"max_items":1},"failed_authentication_configuration":{"nesting_mode":"list","block":{"attributes":{"action_duration":{"type":"number","description":"The duration of the User Action. This value along with the actionDurationUnit will be used to set the duration of the User Action. Value must be greater than 0.","description_kind":"plain","required":true},"action_duration_unit":{"type":"string","description":"The unit of time associated with a duration.","description_kind":"plain","optional":true},"reset_count_in_seconds":{"type":"number","description":"The length of time in seconds before the failed authentication count will be reset. Value must be greater than 0.","description_kind":"plain","optional":true},"too_many_attempts":{"type":"number","description":"The number of failed attempts considered to be too many. Once this threshold is reached the specified User Action will be applied to the user for the duration specified. Value must be greater than 0.","description_kind":"plain","optional":true},"user_action_id":{"type":"string","description":"The Id of the User Action that is applied when the threshold is reached for too many failed authentication attempts.","description_kind":"plain","optional":true}},"description_kind":"plain"},"max_items":1},"family_configuration":{"nesting_mode":"list","block":{"attributes":{"allow_child_registrations":{"type":"bool","description":"Whether to allow child registrations.","description_kind":"plain","optional":true},"confirm_child_email_template_id":{"type":"string","description":"The unique Id of the email template to use when confirming a child.","description_kind":"plain","optional":true},"delete_orphaned_accounts":{"type":"bool","description":"Indicates that child users without parental verification will be permanently deleted after tenant.familyConfiguration.deleteOrphanedAccountsDays days.","description_kind":"plain","optional":true},"delete_orphaned_accounts_days":{"type":"number","description":"The number of days from creation child users will be retained before being deleted for not completing parental verification. Value must be greater than 0.","description_kind":"plain","optional":true},"enabled":{"type":"bool","description":"Whether family configuration is enabled.","description_kind":"plain","optional":true},"family_request_email_template_id":{"type":"string","description":"The unique Id of the email template to use when a family request is made.","description_kind":"plain","optional":true},"maximum_child_age":{"type":"number","description":"The maximum age of a child. Value must be greater than 0.","description_kind":"plain","optional":true},"minimum_owner_age":{"type":"number","description":"The minimum age to be an owner. Value must be greater than 0.","description_kind":"plain","optional":true},"parent_email_required":{"type":"bool","description":"Whether a parent email is required.","description_kind":"plain","optional":true},"parent_registration_email_template_id":{"type":"string","description":"The unique Id of the email template to use for parent registration.","description_kind":"plain","optional":true}},"description_kind":"plain"},"max_items":1},"jwt_configuration":{"nesting_mode":"list","block":{"attributes":{"access_token_key_id":{"type":"string","description":"The unique id of the signing key used to sign the access token.","description_kind":"plain","required":true},"id_token_key_id":{"type":"string","description":"The unique id of the signing key used to sign the Id token.","description_kind":"plain","required":true},"refresh_token_expiration_policy":{"type":"string","description":"The refresh token expiration policy.","description_kind":"plain","optional":true},"refresh_token_revocation_policy_on_login_prevented":{"type":"bool","description":"When enabled, the refresh token will be revoked when a user action, such as locking an account based on a number of failed login attempts, prevents user login.","description_kind":"plain","optional":true},"refresh_token_revocation_policy_on_password_change":{"type":"bool","description":"When enabled, the refresh token will be revoked when a user changes their password.","description_kind":"plain","optional":true},"refresh_token_time_to_live_in_minutes":{"type":"number","description":"The length of time in minutes a Refresh Token is valid from the time it was issued. Value must be greater than 0.","description_kind":"plain","required":true},"refresh_token_usage_policy":{"type":"string","description":"The refresh token usage policy.","description_kind":"plain","optional":true},"time_to_live_in_seconds":{"type":"number","description":"The length of time in seconds this JWT is valid from the time it was issued. Value must be greater than 0.","description_kind":"plain","required":true}},"description_kind":"plain"},"min_items":1},"maximum_password_age":{"nesting_mode":"list","block":{"attributes":{"days":{"type":"number","description":"The password maximum age in days. The number of days after which FusionAuth will require a user to change their password. Required when systemConfiguration.maximumPasswordAge.enabled is set to true.","description_kind":"plain","optional":true},"enabled":{"type":"bool","description":"Indicates that the maximum password age is enabled and being enforced.","description_kind":"plain","optional":true}},"description_kind":"plain"},"max_items":1},"minimum_password_age":{"nesting_mode":"list","block":{"attributes":{"enabled":{"type":"bool","description":"Indicates that the minimum password age is enabled and being enforced.","description_kind":"plain","optional":true},"seconds":{"type":"number","description":"e password minimum age in seconds. When enabled FusionAuth will not allow a password to be changed until it reaches this minimum age. Required when systemConfiguration.minimumPasswordAge.enabled is set to true.","description_kind":"plain","optional":true}},"description_kind":"plain"},"max_items":1},"password_encryption_configuration":{"nesting_mode":"list","block":{"attributes":{"encryption_scheme":{"type":"string","description":"The default method for encrypting the User’s password.","description_kind":"plain","optional":true},"encryption_scheme_factor":{"type":"number","description":"The factor used by the password encryption scheme. If not provided, the PasswordEncryptor provides a default value. Generally this will be used as an iteration count to generate the hash. The actual use of this value is up to the PasswordEncryptor implementation.","description_kind":"plain","optional":true},"modify_encryption_scheme_on_login":{"type":"bool","description":"When enabled a user’s hash configuration will be modified to match these configured settings. This can be useful to increase a password hash strength over time or upgrade imported users to a more secure encryption scheme after an initial import.","description_kind":"plain","optional":true}},"description_kind":"plain"}},"password_validation_rules":{"nesting_mode":"list","block":{"attributes":{"max_length":{"type":"number","description_kind":"plain","optional":true},"min_length":{"type":"number","description_kind":"plain","optional":true},"require_non_alpha":{"type":"bool","description":"Whether to force the user to use at least one non-alphanumeric character.","description_kind":"plain","optional":true},"require_number":{"type":"bool","description":"Whether to force the user to use at least one number.","description_kind":"plain","optional":true},"required_mixed_case":{"type":"bool","description":"Whether to force the user to use at least one uppercase and one lowercase character.","description_kind":"plain","optional":true},"validate_on_login":{"type":"bool","description":"When enabled the user’s password will be validated during login. If the password does not meet the currently configured validation rules the user will be required to change their password.","description_kind":"plain","optional":true}},"block_types":{"breach_detection":{"nesting_mode":"list","block":{"attributes":{"enabled":{"type":"bool","description":"Whether to enable Reactor breach detection. Requires an activated license.","description_kind":"plain","optional":true},"match_mode":{"type":"string","description":"The level of severity where Reactor will consider a breach.","description_kind":"plain","optional":true},"notify_user_email_template_id":{"type":"string","description":"The Id of the email template to use when notifying user of breached password. Required if tenant.passwordValidationRules.breachDetection.onLogin is set to NotifyUser.","description_kind":"plain","optional":true},"on_login":{"type":"string","description":"The behavior when detecting breaches at time of user login","description_kind":"plain","optional":true}},"description_kind":"plain"},"max_items":1},"remember_previous_passwords":{"nesting_mode":"list","block":{"attributes":{"count":{"type":"number","description":"The number of previous passwords to remember. Value must be greater than 0.","description_kind":"plain","optional":true},"enabled":{"type":"bool","description":"Whether to prevent a user from using any of their previous passwords.","description_kind":"plain","optional":true}},"description_kind":"plain"},"max_items":1}},"description_kind":"plain"},"max_items":1},"user_delete_policy":{"nesting_mode":"list","block":{"attributes":{"unverified_enabled":{"type":"bool","description":"Indicates that users without a verified email address will be permanently deleted after tenant.userDeletePolicy.unverified.numberOfDaysToRetain days.","description_kind":"plain","optional":true},"unverified_number_of_days_to_retain":{"type":"number","description":"The number of days from creation users will be retained before being deleted for not completing email verification. This field is required when tenant.userDeletePolicy.unverified.enabled is set to true. Value must be greater than 0.","description_kind":"plain","optional":true}},"description_kind":"plain"},"max_items":1}},"description_kind":"plain"}},"fusionauth_theme":{"version":0,"block":{"attributes":{"default_messages":{"type":"string","description":"A properties file formatted String containing at least all of the message keys defined in the FusionAuth shipped messages file. Required if not copying an existing Theme.","description_kind":"plain","required":true},"email_complete":{"type":"string","description":"A FreeMarker template that is rendered when the user requests the /email/complete page. This page is used after a user has verified their email address by clicking the URL in the email. After FusionAuth has updated their user object to indicate that their email was verified, the browser is redirected to this page.","description_kind":"plain","optional":true},"email_send":{"type":"string","description":"A FreeMarker template that is rendered when the user requests the /email/send page. This page is used after a user has asked for the verification email to be resent. This can happen if the URL in the email expired and the user clicked it. In this case, the user can provide their email address again and FusionAuth will resend the email. After the user submits their email and FusionAuth re-sends a verification email to them, the browser is redirected to this page.","description_kind":"plain","optional":true},"email_verify":{"type":"string","description":"A FreeMarker template that is rendered when the user requests the /email/verify page by clicking the URL from the verification email and the verificationId has expired. FusionAuth expires verificationId after a period of time (which is configurable). If the user has a URL from the verification email that has expired, this page will be rendered and the error will be displayed to the user.","description_kind":"plain","optional":true},"helpers":{"type":"string","description":"A FreeMarker template that contains all of the macros and templates used by the rest of the loginTheme FreeMarker templates (i.e. oauth2Authorize). This allows you to configure the general layout of your UI configuration and login theme without having to copy and paste HTML into each of the templates.","description_kind":"plain","optional":true},"id":{"type":"string","description_kind":"plain","optional":true,"computed":true},"localized_messages":{"type":["map","string"],"description":"A Map of localized versions of the messages. The key is the Locale and the value is a properties file formatted String.","description_kind":"plain","optional":true},"name":{"type":"string","description":"A unique name for the Theme.","description_kind":"plain","required":true},"oauth2_authorize":{"type":"string","description":"A FreeMarker template that is rendered when the user requests the /oauth2/authorize page. This is the main login page for FusionAuth and is used for all interactive OAuth and OpenId Connect workflows.","description_kind":"plain","optional":true},"oauth2_child_registration_not_allowed":{"type":"string","description":"A FreeMarker template that is rendered when the user requests the /oauth2/child-registration-not-allowed page. This is where the child must provide their parent’s email address to ask their parent to create an account for them.","description_kind":"plain","optional":true},"oauth2_child_registration_not_allowed_complete":{"type":"string","description":"A FreeMarker template that is rendered when the user requests the /oauth2/child-registration-not-allowed-complete page. This is where the browser is taken after the child provides their parent’s email address.","description_kind":"plain","optional":true},"oauth2_complete_registration":{"type":"string","description":"A FreeMarker template that is rendered when the user requests the /oauth2/complete-registration page. This page is used for users that have accounts but might be missing required fields.","description_kind":"plain","optional":true},"oauth2_device":{"type":"string","description":"A FreeMarker template","description_kind":"plain","optional":true},"oauth2_device_complete":{"type":"string","description":"A FreeMarker template","description_kind":"plain","optional":true},"oauth2_error":{"type":"string","description":"A FreeMarker template that is rendered when the user requests the /oauth2/error page. This page is used if the user starts or is in the middle of the OAuth workflow and any type of error occurs. This could be caused by the user messing with the URL or internally some type of information wasn’t passed between the OAuth endpoints correctly. For example, if you are federating login to an external IdP and that IdP does not properly echo the state parameter, FusionAuth’s OAuth workflow will break and this page will be displayed.","description_kind":"plain","optional":true},"oauth2_logout":{"type":"string","description":"A FreeMarker template that is rendered when the user requests the /oauth2/logout page. This page is used if the user initiates a logout. This page causes the user to be logged out of all associated applications via a front-channel mechanism before being redirected.","description_kind":"plain","optional":true},"oauth2_passwordless":{"type":"string","description":"A FreeMarker template","description_kind":"plain","optional":true},"oauth2_register":{"type":"string","description":"A FreeMarker template that is rendered when the user requests the /oauth2/register page. This page is used for users that need to register (sign-up)","description_kind":"plain","optional":true},"oauth2_two_factor":{"type":"string","description":"A FreeMarker template that is rendered when the user requests the /oauth2/two-factor page. This page is used if the user has two-factor authentication enabled and they need to type in their code again. FusionAuth will properly handle the SMS or authenticator app processing on the back end. This page contains the form that the user will put their code into.","description_kind":"plain","optional":true},"oauth2_wait":{"type":"string","description":"A FreeMarker template","description_kind":"plain","optional":true},"password_change":{"type":"string","description":"A FreeMarker template that is rendered when the user requests the /password/change page. This page is used if the user is required to change their password or if they have requested a password reset. This page contains the form that allows the user to provide a new password.","description_kind":"plain","optional":true},"password_complete":{"type":"string","description":"A FreeMarker template that is rendered when the user requests the /password/complete page. This page is used after the user has successfully updated their password (or reset it). This page should instruct the user that their password was updated and that they need to login again.","description_kind":"plain","optional":true},"password_forgot":{"type":"string","description":"A FreeMarker template that is rendered when the user requests the /password/forgot page. This page is used when a user starts the forgot password workflow. This page renders the form where the user types in their email address.","description_kind":"plain","optional":true},"password_sent":{"type":"string","description":"A FreeMarker template that is rendered when the user requests the /password/sent page. This page is used when a user has submitted the forgot password form with their email. FusionAuth does not indicate back to the user if their email address was valid in order to prevent malicious activity that could reveal valid email addresses. Therefore, this page should indicate to the user that if their email was valid, they will receive an email shortly with a link to reset their password.","description_kind":"plain","optional":true},"registration_complete":{"type":"string","description":"A FreeMarker template that is rendered when the user requests the /registration/complete page. This page is used after a user has verified their email address for a specific application (i.e. a user registration) by clicking the URL in the email. After FusionAuth has updated their registration object to indicate that their email was verified, the browser is redirected to this page.","description_kind":"plain","optional":true},"registration_send":{"type":"string","description":"A FreeMarker template that is rendered when the user requests the /registration/send page. This page is used after a user has asked for the application specific verification email to be resent. This can happen if the URL in the email expired and the user clicked it. In this case, the user can provide their email address again and FusionAuth will resend the email. After the user submits their email and FusionAuth re-sends a verification email to them, the browser is redirected to this page.","description_kind":"plain","optional":true},"registration_verify":{"type":"string","description_kind":"plain","optional":true},"source_theme_id":{"type":"string","description":"The optional Id of an existing Theme to make a copy of. If present, the defaultMessages, localizedMessages, templates, and stylesheet from the source Theme will be copied to the new Theme.","description_kind":"plain","optional":true},"stylesheet":{"type":"string","description":"A CSS stylesheet used to style the templates.","description_kind":"plain","optional":true}},"description_kind":"plain"}},"fusionauth_user":{"version":0,"block":{"attributes":{"birth_date":{"type":"string","description":"An ISO-8601 formatted date of the User’s birthdate such as YYYY-MM-DD.","description_kind":"plain","optional":true},"data":{"type":["map","string"],"description":"An object that can hold any information about a User that should be persisted.","description_kind":"plain","optional":true},"email":{"type":"string","description":"The User’s email address. An email address is a unique in FusionAuth and stored in lower case.","description_kind":"plain","optional":true},"encryption_scheme":{"type":"string","description":"The method for encrypting the User’s password.","description_kind":"plain","optional":true},"expiry":{"type":"number","description":"The expiration instant of the User’s account. An expired user is not permitted to login.","description_kind":"plain","optional":true},"first_name":{"type":"string","description":"The first name of the User.","description_kind":"plain","optional":true},"full_name":{"type":"string","description":"The User’s full name as a separate field that is not calculated from firstName and lastName.","description_kind":"plain","optional":true},"id":{"type":"string","description_kind":"plain","optional":true,"computed":true},"image_url":{"type":"string","description":"The URL that points to an image file that is the User’s profile image.","description_kind":"plain","optional":true},"last_name":{"type":"string","description":"The User’s last name.","description_kind":"plain","optional":true},"middle_name":{"type":"string","description":"The User’s middle name.","description_kind":"plain","optional":true},"mobile_phone":{"type":"string","description":"The User’s mobile phone number. This is useful is you will be sending push notifications or SMS messages to the User.","description_kind":"plain","optional":true},"parent_email":{"type":"string","description":"The email address of the user’s parent or guardian. This field is used to allow a child user to identify their parent so FusionAuth can make a request to the parent to confirm the parent relationship.","description_kind":"plain","optional":true},"password":{"type":"string","description":"The User’s plain texts password. This password will be hashed and the provided value will never be stored and cannot be retrieved.","description_kind":"plain","optional":true,"sensitive":true},"password_change_required":{"type":"bool","description":"Indicates that the User’s password needs to be changed during their next login attempt.","description_kind":"plain","optional":true},"preferred_languages":{"type":["set","string"],"description":"An array of locale strings that give, in order, the User’s preferred languages. These are important for email templates and other localizable text.","description_kind":"plain","optional":true},"send_set_password_email":{"type":"bool","description":"Indicates to FusionAuth to send the User an email asking them to set their password. The Email Template that is used is configured in the System Configuration setting for Set Password Email Template.","description_kind":"plain","optional":true},"skip_verification":{"type":"bool","description":"Indicates to FusionAuth that it should skip email verification even if it is enabled. This is useful for creating admin or internal User accounts.","description_kind":"plain","optional":true},"tenant_id":{"type":"string","description":"The unique Id of the tenant used to scope this API request.","description_kind":"plain","optional":true},"timezone":{"type":"string","description":"The User’s preferred timezone. The string must be in an IANA time zone format. For example:","description_kind":"plain","optional":true},"two_factor_delivery":{"type":"string","description":"The User’s preferred delivery for verification codes during a two factor login request.","description_kind":"plain","optional":true},"two_factor_enabled":{"type":"bool","description":"Determines if the User has two factor authentication enabled for their account or not.","description_kind":"plain","optional":true},"two_factor_secret":{"type":"string","description":"The Base64 encoded secret used to generate Two Factor verification codes.","description_kind":"plain","optional":true,"sensitive":true},"username":{"type":"string","description":"The username of the User. The username is stored and returned as a case sensitive value, however a username is considered unique regardless of the case. bob is considered equal to BoB so either version of this username can be used whenever providing it as input to an API.","description_kind":"plain","optional":true},"username_status":{"type":"string","description":"The current status of the username. This is used if you are moderating usernames via CleanSpeak.","description_kind":"plain","optional":true}},"description_kind":"plain"}},"fusionauth_webhook":{"version":0,"block":{"attributes":{"application_ids":{"type":["set","string"],"description":"The Ids of the Applications that this Webhook should be associated with. If no Ids are specified and the global field is false, this Webhook will not be used.","description_kind":"plain","optional":true},"connect_timeout":{"type":"number","description":"The connection timeout in milliseconds used when FusionAuth sends events to the Webhook.","description_kind":"plain","required":true},"description":{"type":"string","description":"A description of the Webhook. This is used for display purposes only.","description_kind":"plain","optional":true},"global":{"type":"bool","description":"Whether or not this Webhook is used for all events or just for specific Applications.","description_kind":"plain","optional":true},"headers":{"type":["map","string"],"description":"An object that contains headers that are sent as part of the HTTP request for the events.","description_kind":"plain","optional":true},"http_authentication_password":{"type":"string","description":"The HTTP basic authentication password that is sent as part of the HTTP request for the events.","description_kind":"plain","optional":true,"sensitive":true},"http_authentication_username":{"type":"string","description":"The HTTP basic authentication username that is sent as part of the HTTP request for the events.","description_kind":"plain","optional":true,"sensitive":true},"id":{"type":"string","description_kind":"plain","optional":true,"computed":true},"read_timeout":{"type":"number","description":"The read timeout in milliseconds used when FusionAuth sends events to the Webhook.","description_kind":"plain","required":true},"ssl_certificate":{"type":"string","description":"An SSL certificate in PEM format that is used to establish the a SSL (TLS specifically) connection to the Webhook.","description_kind":"plain","optional":true},"url":{"type":"string","description":"The fully qualified URL of the Webhook’s endpoint that will accept the event requests from FusionAuth.","description_kind":"plain","required":true}},"block_types":{"events_enabled":{"nesting_mode":"list","block":{"attributes":{"jwt_public_key_update":{"type":"bool","description":"When a JWT RSA Public / Private keypair may have been changed","description_kind":"plain","optional":true},"jwt_refresh":{"type":"bool","description":"When an access token is refreshed using a refresh token","description_kind":"plain","optional":true},"jwt_refresh_token_revoke":{"type":"bool","description":"When a JWT Refresh Token is revoked","description_kind":"plain","optional":true},"user_action":{"type":"bool","description":"When a user action is triggered","description_kind":"plain","optional":true},"user_bulk_create":{"type":"bool","description":"When multiple users are created in bulk (i.e. during an import)","description_kind":"plain","optional":true},"user_create":{"type":"bool","description":"When a user is created","description_kind":"plain","optional":true},"user_deactivate":{"type":"bool","description":"When a user is deactivated","description_kind":"plain","optional":true},"user_delete":{"type":"bool","description":"When a user is deleted","description_kind":"plain","optional":true},"user_email_verified":{"type":"bool","description":"When a user verifies their email address ","description_kind":"plain","optional":true},"user_login_failed":{"type":"bool","description":"When a user fails a login request","description_kind":"plain","optional":true},"user_login_success":{"type":"bool","description":"When a user completes a login request ","description_kind":"plain","optional":true},"user_password_breach":{"type":"bool","description":"When Reactor detects a user is using a potentially breached password (requires an activated license)","description_kind":"plain","optional":true},"user_reactivate":{"type":"bool","description":"When a user is reactivated","description_kind":"plain","optional":true},"user_registration_create":{"type":"bool","description":"When a user registration is created","description_kind":"plain","optional":true},"user_registration_delete":{"type":"bool","description":"When a user registration is deleted","description_kind":"plain","optional":true},"user_registration_update":{"type":"bool","description":"When a user registration is updated","description_kind":"plain","optional":true},"user_registration_verified":{"type":"bool","description":"When a user completes registration verification","description_kind":"plain","optional":true},"user_update":{"type":"bool","description":"When a user is updated","description_kind":"plain","optional":true}},"description_kind":"plain"},"max_items":1}},"description_kind":"plain"}}},"data_source_schemas":{"fusionauth_application":{"version":0,"block":{"attributes":{"id":{"type":"string","description_kind":"plain","optional":true,"computed":true},"name":{"type":"string","description":"The name of the Application.","description_kind":"plain","required":true}},"description_kind":"plain"}}}}}}
