{"format_version":"0.1","provider_schemas":{"registry.terraform.io/alexkappa/auth0":{"provider":{"version":0,"block":{"attributes":{"client_id":{"type":"string","description_kind":"plain","required":true},"client_secret":{"type":"string","description_kind":"plain","required":true},"debug":{"type":"bool","description_kind":"plain","optional":true},"domain":{"type":"string","description_kind":"plain","required":true}},"description_kind":"plain"}},"resource_schemas":{"auth0_client":{"version":0,"block":{"attributes":{"allowed_logout_urls":{"type":["list","string"],"description_kind":"plain","optional":true},"allowed_origins":{"type":["list","string"],"description_kind":"plain","optional":true},"app_type":{"type":"string","description_kind":"plain","optional":true},"callbacks":{"type":["list","string"],"description_kind":"plain","optional":true},"client_id":{"type":"string","description_kind":"plain","computed":true},"client_metadata":{"type":["map","string"],"description_kind":"plain","optional":true},"client_secret":{"type":"string","description_kind":"plain","computed":true,"sensitive":true},"client_secret_rotation_trigger":{"type":["map","string"],"description_kind":"plain","optional":true},"cross_origin_auth":{"type":"bool","description_kind":"plain","optional":true},"cross_origin_loc":{"type":"string","description_kind":"plain","optional":true},"custom_login_page":{"type":"string","description_kind":"plain","optional":true},"custom_login_page_on":{"type":"bool","description_kind":"plain","optional":true,"computed":true},"custom_login_page_preview":{"type":"string","description_kind":"plain","optional":true},"description":{"type":"string","description_kind":"plain","optional":true},"encryption_key":{"type":["map","string"],"description_kind":"plain","optional":true},"form_template":{"type":"string","description_kind":"plain","optional":true},"grant_types":{"type":["list","string"],"description_kind":"plain","optional":true,"computed":true},"id":{"type":"string","description_kind":"plain","optional":true,"computed":true},"initiate_login_uri":{"type":"string","description_kind":"plain","optional":true},"is_first_party":{"type":"bool","description_kind":"plain","optional":true,"computed":true},"is_token_endpoint_ip_header_trusted":{"type":"bool","description_kind":"plain","optional":true,"computed":true},"logo_uri":{"type":"string","description_kind":"plain","optional":true},"name":{"type":"string","description_kind":"plain","required":true},"oidc_conformant":{"type":"bool","description_kind":"plain","optional":true,"computed":true},"sso":{"type":"bool","description_kind":"plain","optional":true},"sso_disabled":{"type":"bool","description_kind":"plain","optional":true},"token_endpoint_auth_method":{"type":"string","description_kind":"plain","optional":true,"computed":true},"web_origins":{"type":["list","string"],"description_kind":"plain","optional":true}},"block_types":{"addons":{"nesting_mode":"list","block":{"attributes":{"aws":{"type":["map","string"],"description_kind":"plain","optional":true},"azure_blob":{"type":["map","string"],"description_kind":"plain","optional":true},"azure_sb":{"type":["map","string"],"description_kind":"plain","optional":true},"box":{"type":["map","string"],"description_kind":"plain","optional":true},"cloudbees":{"type":["map","string"],"description_kind":"plain","optional":true},"concur":{"type":["map","string"],"description_kind":"plain","optional":true},"dropbox":{"type":["map","string"],"description_kind":"plain","optional":true},"echosign":{"type":["map","string"],"description_kind":"plain","optional":true},"egnyte":{"type":["map","string"],"description_kind":"plain","optional":true},"firebase":{"type":["map","string"],"description_kind":"plain","optional":true},"layer":{"type":["map","string"],"description_kind":"plain","optional":true},"mscrm":{"type":["map","string"],"description_kind":"plain","optional":true},"newrelic":{"type":["map","string"],"description_kind":"plain","optional":true},"office365":{"type":["map","string"],"description_kind":"plain","optional":true},"rms":{"type":["map","string"],"description_kind":"plain","optional":true},"salesforce":{"type":["map","string"],"description_kind":"plain","optional":true},"salesforce_api":{"type":["map","string"],"description_kind":"plain","optional":true},"salesforce_sandbox_api":{"type":["map","string"],"description_kind":"plain","optional":true},"sap_api":{"type":["map","string"],"description_kind":"plain","optional":true},"sentry":{"type":["map","string"],"description_kind":"plain","optional":true},"sharepoint":{"type":["map","string"],"description_kind":"plain","optional":true},"slack":{"type":["map","string"],"description_kind":"plain","optional":true},"springcm":{"type":["map","string"],"description_kind":"plain","optional":true},"wams":{"type":["map","string"],"description_kind":"plain","optional":true},"wsfed":{"type":["map","string"],"description_kind":"plain","optional":true},"zendesk":{"type":["map","string"],"description_kind":"plain","optional":true},"zoom":{"type":["map","string"],"description_kind":"plain","optional":true}},"block_types":{"samlp":{"nesting_mode":"list","block":{"attributes":{"audience":{"type":"string","description_kind":"plain","optional":true},"authn_context_class_ref":{"type":"string","description_kind":"plain","optional":true},"binding":{"type":"string","description_kind":"plain","optional":true},"create_upn_claim":{"type":"bool","description_kind":"plain","optional":true},"destination":{"type":"string","description_kind":"plain","optional":true},"digest_algorithm":{"type":"string","description_kind":"plain","optional":true},"include_attribute_name_format":{"type":"bool","description_kind":"plain","optional":true},"lifetime_in_seconds":{"type":"number","description_kind":"plain","optional":true},"logout":{"type":["map","string"],"description_kind":"plain","optional":true},"map_identities":{"type":"bool","description_kind":"plain","optional":true},"map_unknown_claims_as_is":{"type":"bool","description_kind":"plain","optional":true},"mappings":{"type":["map","string"],"description_kind":"plain","optional":true},"name_identifier_format":{"type":"string","description_kind":"plain","optional":true},"name_identifier_probes":{"type":["list","string"],"description_kind":"plain","optional":true},"passthrough_claims_with_no_mapping":{"type":"bool","description_kind":"plain","optional":true},"recipient":{"type":"string","description_kind":"plain","optional":true},"sign_response":{"type":"bool","description_kind":"plain","optional":true},"signature_algorithm":{"type":"string","description_kind":"plain","optional":true},"typed_attributes":{"type":"bool","description_kind":"plain","optional":true}},"description_kind":"plain"},"max_items":1}},"description_kind":"plain"},"max_items":1},"jwt_configuration":{"nesting_mode":"list","block":{"attributes":{"alg":{"type":"string","description_kind":"plain","optional":true},"lifetime_in_seconds":{"type":"number","description_kind":"plain","optional":true,"computed":true},"scopes":{"type":["map","string"],"description_kind":"plain","optional":true},"secret_encoded":{"type":"bool","description_kind":"plain","optional":true,"computed":true}},"description_kind":"plain"},"max_items":1},"mobile":{"nesting_mode":"list","block":{"block_types":{"android":{"nesting_mode":"list","block":{"attributes":{"app_package_name":{"type":"string","description_kind":"plain","optional":true},"sha256_cert_fingerprints":{"type":["list","string"],"description_kind":"plain","optional":true}},"description_kind":"plain"},"max_items":1},"ios":{"nesting_mode":"list","block":{"attributes":{"app_bundle_identifier":{"type":"string","description_kind":"plain","optional":true},"team_id":{"type":"string","description_kind":"plain","optional":true}},"description_kind":"plain"},"max_items":1}},"description_kind":"plain"},"max_items":1},"refresh_token":{"nesting_mode":"list","block":{"attributes":{"expiration_type":{"type":"string","description_kind":"plain","required":true},"leeway":{"type":"number","description_kind":"plain","optional":true},"rotation_type":{"type":"string","description_kind":"plain","required":true},"token_lifetime":{"type":"number","description_kind":"plain","optional":true}},"description_kind":"plain"},"max_items":1}},"description_kind":"plain"}},"auth0_client_grant":{"version":0,"block":{"attributes":{"audience":{"type":"string","description_kind":"plain","required":true},"client_id":{"type":"string","description_kind":"plain","required":true},"id":{"type":"string","description_kind":"plain","optional":true,"computed":true},"scope":{"type":["list","string"],"description_kind":"plain","required":true}},"description_kind":"plain"}},"auth0_connection":{"version":1,"block":{"attributes":{"display_name":{"type":"string","description":"Name used in login screen","description_kind":"plain","optional":true},"enabled_clients":{"type":["set","string"],"description":"IDs of the clients for which the connection is enabled","description_kind":"plain","optional":true,"computed":true},"id":{"type":"string","description_kind":"plain","optional":true,"computed":true},"is_domain_connection":{"type":"bool","description":"Indicates whether or not the connection is domain level","description_kind":"plain","optional":true,"computed":true},"name":{"type":"string","description":"Name of the connection","description_kind":"plain","required":true},"realms":{"type":["list","string"],"description":"Defines the realms for which the connection will be used (i.e., email domains). If not specified, the connection name is added as the realm","description_kind":"plain","optional":true,"computed":true},"strategy":{"type":"string","description":"Type of the connection, which indicates the identity provider","description_kind":"plain","required":true},"strategy_version":{"type":"string","description_kind":"plain","optional":true,"computed":true}},"block_types":{"options":{"nesting_mode":"list","block":{"attributes":{"adfs_server":{"type":"string","description_kind":"plain","optional":true},"allowed_audiences":{"type":["set","string"],"description_kind":"plain","optional":true},"api_enable_users":{"type":"bool","description_kind":"plain","optional":true},"app_domain":{"type":"string","description_kind":"plain","deprecated":true,"optional":true},"app_id":{"type":"string","description_kind":"plain","optional":true},"authorization_endpoint":{"type":"string","description_kind":"plain","optional":true},"brute_force_protection":{"type":"bool","description":"Indicates whether or not to enable brute force protection, which will limit the number of signups and failed logins from a suspicious IP address","description_kind":"plain","optional":true},"client_id":{"type":"string","description_kind":"plain","optional":true},"client_secret":{"type":"string","description_kind":"plain","optional":true,"sensitive":true},"community_base_url":{"type":"string","description_kind":"plain","optional":true},"configuration":{"type":["map","string"],"description_kind":"plain","optional":true,"sensitive":true},"custom_scripts":{"type":["map","string"],"description_kind":"plain","optional":true},"debug":{"type":"bool","description":"When enabled, additional debug information will be generated.","description_kind":"plain","optional":true},"digest_algorithm":{"type":"string","description":"Sign Request Algorithm Digest","description_kind":"plain","optional":true},"disable_cache":{"type":"bool","description_kind":"plain","optional":true},"disable_signup":{"type":"bool","description":"Indicates whether or not to allow user sign-ups to your application","description_kind":"plain","optional":true},"discovery_url":{"type":"string","description_kind":"plain","optional":true},"domain":{"type":"string","description_kind":"plain","optional":true},"domain_aliases":{"type":["set","string"],"description_kind":"plain","optional":true},"enabled_database_customization":{"type":"bool","description_kind":"plain","optional":true},"fields_map":{"type":["map","string"],"description":"If you're configuring a SAML enterprise connection for a non-standard PingFederate Server, you must update the attribute mappings.","description_kind":"plain","optional":true},"from":{"type":"string","description_kind":"plain","optional":true},"icon_url":{"type":"string","description_kind":"plain","optional":true},"identity_api":{"type":"string","description_kind":"plain","optional":true},"import_mode":{"type":"bool","description":"Indicates whether or not you have a legacy user store and want to gradually migrate those users to the Auth0 user store","description_kind":"plain","optional":true},"ips":{"type":["set","string"],"description_kind":"plain","optional":true},"issuer":{"type":"string","description_kind":"plain","optional":true},"jwks_uri":{"type":"string","description_kind":"plain","optional":true},"key_id":{"type":"string","description":"Apple Key ID","description_kind":"plain","optional":true},"max_groups_to_retrieve":{"type":"string","description_kind":"plain","optional":true},"messaging_service_sid":{"type":"string","description_kind":"plain","optional":true},"name":{"type":"string","description_kind":"plain","optional":true},"password_policy":{"type":"string","description":"Indicates level of password strength to enforce during authentication. A strong password policy will make it difficult, if not improbable, for someone to guess a password through either manual or automated means. Options include `none`, `low`, `fair`, `good`, `excellent`","description_kind":"plain","optional":true,"computed":true},"protocol_binding":{"type":"string","description":"The SAML Response Binding: how the SAML token is received by Auth0 from IdP","description_kind":"plain","optional":true},"requires_username":{"type":"bool","description":"Indicates whether or not the user is required to provide a username in addition to an email address","description_kind":"plain","optional":true},"scopes":{"type":["set","string"],"description_kind":"plain","optional":true},"sign_in_endpoint":{"type":"string","description":"SAML single login URL for the connection.","description_kind":"plain","optional":true},"sign_out_endpoint":{"type":"string","description":"SAML single logout URL for the connection.","description_kind":"plain","optional":true},"sign_saml_request":{"type":"bool","description":"When enabled, the SAML authentication request will be signed.","description_kind":"plain","optional":true},"signature_algorithm":{"type":"string","description":"Sign Request Algorithm","description_kind":"plain","optional":true},"signing_cert":{"type":"string","description":"X.509 signing certificate (encoded in PEM or CER) you retrieved from the IdP, Base64-encoded","description_kind":"plain","optional":true},"strategy_version":{"type":"number","description_kind":"plain","optional":true,"computed":true},"subject":{"type":"string","description_kind":"plain","optional":true},"syntax":{"type":"string","description_kind":"plain","optional":true},"team_id":{"type":"string","description":"Apple Team ID","description_kind":"plain","optional":true},"template":{"type":"string","description_kind":"plain","optional":true},"tenant_domain":{"type":"string","description_kind":"plain","optional":true},"token_endpoint":{"type":"string","description_kind":"plain","optional":true},"twilio_sid":{"type":"string","description_kind":"plain","optional":true},"twilio_token":{"type":"string","description_kind":"plain","optional":true,"sensitive":true},"type":{"type":"string","description_kind":"plain","optional":true},"use_cert_auth":{"type":"bool","description_kind":"plain","optional":true},"use_kerberos":{"type":"bool","description_kind":"plain","optional":true},"use_wsfed":{"type":"bool","description_kind":"plain","optional":true},"userinfo_endpoint":{"type":"string","description_kind":"plain","optional":true},"validation":{"type":["map","string"],"description_kind":"plain","optional":true},"waad_common_endpoint":{"type":"bool","description_kind":"plain","optional":true},"waad_protocol":{"type":"string","description_kind":"plain","optional":true}},"block_types":{"idp_initiated":{"nesting_mode":"list","block":{"attributes":{"client_authorize_query":{"type":"string","description_kind":"plain","optional":true},"client_id":{"type":"string","description_kind":"plain","optional":true},"client_protocol":{"type":"string","description_kind":"plain","optional":true}},"description_kind":"plain"},"max_items":1},"password_complexity_options":{"nesting_mode":"list","block":{"attributes":{"min_length":{"type":"number","description_kind":"plain","optional":true}},"description":"Configuration settings for password complexity","description_kind":"plain"},"max_items":1},"password_dictionary":{"nesting_mode":"list","block":{"attributes":{"dictionary":{"type":["set","string"],"description_kind":"plain","optional":true},"enable":{"type":"bool","description_kind":"plain","optional":true}},"description":"Configuration settings for the password dictionary check, which does not allow passwords that are part of the password dictionary","description_kind":"plain"},"max_items":1},"password_history":{"nesting_mode":"list","block":{"attributes":{"enable":{"type":"bool","description_kind":"plain","optional":true},"size":{"type":"number","description_kind":"plain","optional":true}},"description":"Configuration settings for the password history that is maintained for each user to prevent the reuse of passwords","description_kind":"plain"}},"password_no_personal_info":{"nesting_mode":"list","block":{"attributes":{"enable":{"type":"bool","description_kind":"plain","optional":true}},"description":"Configuration settings for the password personal info check, which does not allow passwords that contain any part of the user's personal data, including user's name, username, nickname, user_metadata.name, user_metadata.first, user_metadata.last, user's email, or firstpart of the user's email","description_kind":"plain"},"max_items":1},"totp":{"nesting_mode":"list","block":{"attributes":{"length":{"type":"number","description_kind":"plain","optional":true},"time_step":{"type":"number","description_kind":"plain","optional":true}},"description_kind":"plain"},"max_items":1}},"description":"Configuration settings for connection options","description_kind":"plain"},"max_items":1}},"description_kind":"plain"}},"auth0_custom_domain":{"version":0,"block":{"attributes":{"domain":{"type":"string","description_kind":"plain","required":true},"id":{"type":"string","description_kind":"plain","optional":true,"computed":true},"primary":{"type":"bool","description_kind":"plain","computed":true},"status":{"type":"string","description_kind":"plain","computed":true},"type":{"type":"string","description_kind":"plain","required":true},"verification":{"type":["list",["object",{"methods":["list",["map","string"]]}]],"description_kind":"plain","computed":true},"verification_method":{"type":"string","description_kind":"plain","required":true}},"description_kind":"plain"}},"auth0_email":{"version":0,"block":{"attributes":{"default_from_address":{"type":"string","description_kind":"plain","required":true},"enabled":{"type":"bool","description_kind":"plain","optional":true},"id":{"type":"string","description_kind":"plain","optional":true,"computed":true},"name":{"type":"string","description_kind":"plain","required":true}},"block_types":{"credentials":{"nesting_mode":"list","block":{"attributes":{"access_key_id":{"type":"string","description_kind":"plain","optional":true,"sensitive":true},"api_key":{"type":"string","description_kind":"plain","optional":true,"sensitive":true},"api_user":{"type":"string","description_kind":"plain","optional":true},"domain":{"type":"string","description_kind":"plain","optional":true},"region":{"type":"string","description_kind":"plain","optional":true},"secret_access_key":{"type":"string","description_kind":"plain","optional":true,"sensitive":true},"smtp_host":{"type":"string","description_kind":"plain","optional":true},"smtp_pass":{"type":"string","description_kind":"plain","optional":true,"sensitive":true},"smtp_port":{"type":"number","description_kind":"plain","optional":true},"smtp_user":{"type":"string","description_kind":"plain","optional":true}},"description_kind":"plain"},"min_items":1,"max_items":1}},"description_kind":"plain"}},"auth0_email_template":{"version":0,"block":{"attributes":{"body":{"type":"string","description_kind":"plain","required":true},"enabled":{"type":"bool","description_kind":"plain","required":true},"from":{"type":"string","description_kind":"plain","required":true},"id":{"type":"string","description_kind":"plain","optional":true,"computed":true},"result_url":{"type":"string","description_kind":"plain","optional":true},"subject":{"type":"string","description_kind":"plain","required":true},"syntax":{"type":"string","description_kind":"plain","required":true},"template":{"type":"string","description_kind":"plain","required":true},"url_lifetime_in_seconds":{"type":"number","description_kind":"plain","optional":true}},"description_kind":"plain"}},"auth0_global_client":{"version":0,"block":{"attributes":{"allowed_logout_urls":{"type":["list","string"],"description_kind":"plain","optional":true,"computed":true},"allowed_origins":{"type":["list","string"],"description_kind":"plain","optional":true,"computed":true},"app_type":{"type":"string","description_kind":"plain","optional":true,"computed":true},"callbacks":{"type":["list","string"],"description_kind":"plain","optional":true,"computed":true},"client_id":{"type":"string","description_kind":"plain","optional":true,"computed":true},"client_metadata":{"type":["map","string"],"description_kind":"plain","optional":true,"computed":true},"client_secret":{"type":"string","description_kind":"plain","optional":true,"computed":true,"sensitive":true},"client_secret_rotation_trigger":{"type":["map","string"],"description_kind":"plain","optional":true},"cross_origin_auth":{"type":"bool","description_kind":"plain","optional":true,"computed":true},"cross_origin_loc":{"type":"string","description_kind":"plain","optional":true,"computed":true},"custom_login_page":{"type":"string","description_kind":"plain","optional":true,"computed":true},"custom_login_page_on":{"type":"bool","description_kind":"plain","optional":true,"computed":true},"custom_login_page_preview":{"type":"string","description_kind":"plain","optional":true,"computed":true},"description":{"type":"string","description_kind":"plain","optional":true,"computed":true},"encryption_key":{"type":["map","string"],"description_kind":"plain","optional":true,"computed":true},"form_template":{"type":"string","description_kind":"plain","optional":true,"computed":true},"grant_types":{"type":["list","string"],"description_kind":"plain","optional":true,"computed":true},"id":{"type":"string","description_kind":"plain","optional":true,"computed":true},"initiate_login_uri":{"type":"string","description_kind":"plain","optional":true,"computed":true},"is_first_party":{"type":"bool","description_kind":"plain","optional":true,"computed":true},"is_token_endpoint_ip_header_trusted":{"type":"bool","description_kind":"plain","optional":true,"computed":true},"logo_uri":{"type":"string","description_kind":"plain","optional":true,"computed":true},"name":{"type":"string","description_kind":"plain","optional":true,"computed":true},"oidc_conformant":{"type":"bool","description_kind":"plain","optional":true,"computed":true},"sso":{"type":"bool","description_kind":"plain","optional":true,"computed":true},"sso_disabled":{"type":"bool","description_kind":"plain","optional":true,"computed":true},"token_endpoint_auth_method":{"type":"string","description_kind":"plain","optional":true,"computed":true},"web_origins":{"type":["list","string"],"description_kind":"plain","optional":true,"computed":true}},"block_types":{"addons":{"nesting_mode":"list","block":{"attributes":{"aws":{"type":["map","string"],"description_kind":"plain","optional":true},"azure_blob":{"type":["map","string"],"description_kind":"plain","optional":true},"azure_sb":{"type":["map","string"],"description_kind":"plain","optional":true},"box":{"type":["map","string"],"description_kind":"plain","optional":true},"cloudbees":{"type":["map","string"],"description_kind":"plain","optional":true},"concur":{"type":["map","string"],"description_kind":"plain","optional":true},"dropbox":{"type":["map","string"],"description_kind":"plain","optional":true},"echosign":{"type":["map","string"],"description_kind":"plain","optional":true},"egnyte":{"type":["map","string"],"description_kind":"plain","optional":true},"firebase":{"type":["map","string"],"description_kind":"plain","optional":true},"layer":{"type":["map","string"],"description_kind":"plain","optional":true},"mscrm":{"type":["map","string"],"description_kind":"plain","optional":true},"newrelic":{"type":["map","string"],"description_kind":"plain","optional":true},"office365":{"type":["map","string"],"description_kind":"plain","optional":true},"rms":{"type":["map","string"],"description_kind":"plain","optional":true},"salesforce":{"type":["map","string"],"description_kind":"plain","optional":true},"salesforce_api":{"type":["map","string"],"description_kind":"plain","optional":true},"salesforce_sandbox_api":{"type":["map","string"],"description_kind":"plain","optional":true},"sap_api":{"type":["map","string"],"description_kind":"plain","optional":true},"sentry":{"type":["map","string"],"description_kind":"plain","optional":true},"sharepoint":{"type":["map","string"],"description_kind":"plain","optional":true},"slack":{"type":["map","string"],"description_kind":"plain","optional":true},"springcm":{"type":["map","string"],"description_kind":"plain","optional":true},"wams":{"type":["map","string"],"description_kind":"plain","optional":true},"wsfed":{"type":["map","string"],"description_kind":"plain","optional":true},"zendesk":{"type":["map","string"],"description_kind":"plain","optional":true},"zoom":{"type":["map","string"],"description_kind":"plain","optional":true}},"block_types":{"samlp":{"nesting_mode":"list","block":{"attributes":{"audience":{"type":"string","description_kind":"plain","optional":true},"authn_context_class_ref":{"type":"string","description_kind":"plain","optional":true},"binding":{"type":"string","description_kind":"plain","optional":true},"create_upn_claim":{"type":"bool","description_kind":"plain","optional":true},"destination":{"type":"string","description_kind":"plain","optional":true},"digest_algorithm":{"type":"string","description_kind":"plain","optional":true},"include_attribute_name_format":{"type":"bool","description_kind":"plain","optional":true},"lifetime_in_seconds":{"type":"number","description_kind":"plain","optional":true},"logout":{"type":["map","string"],"description_kind":"plain","optional":true},"map_identities":{"type":"bool","description_kind":"plain","optional":true},"map_unknown_claims_as_is":{"type":"bool","description_kind":"plain","optional":true},"mappings":{"type":["map","string"],"description_kind":"plain","optional":true},"name_identifier_format":{"type":"string","description_kind":"plain","optional":true},"name_identifier_probes":{"type":["list","string"],"description_kind":"plain","optional":true},"passthrough_claims_with_no_mapping":{"type":"bool","description_kind":"plain","optional":true},"recipient":{"type":"string","description_kind":"plain","optional":true},"sign_response":{"type":"bool","description_kind":"plain","optional":true},"signature_algorithm":{"type":"string","description_kind":"plain","optional":true},"typed_attributes":{"type":"bool","description_kind":"plain","optional":true}},"description_kind":"plain"},"max_items":1}},"description_kind":"plain"},"max_items":1},"jwt_configuration":{"nesting_mode":"list","block":{"attributes":{"alg":{"type":"string","description_kind":"plain","optional":true},"lifetime_in_seconds":{"type":"number","description_kind":"plain","optional":true,"computed":true},"scopes":{"type":["map","string"],"description_kind":"plain","optional":true},"secret_encoded":{"type":"bool","description_kind":"plain","optional":true,"computed":true}},"description_kind":"plain"},"max_items":1},"mobile":{"nesting_mode":"list","block":{"block_types":{"android":{"nesting_mode":"list","block":{"attributes":{"app_package_name":{"type":"string","description_kind":"plain","optional":true},"sha256_cert_fingerprints":{"type":["list","string"],"description_kind":"plain","optional":true}},"description_kind":"plain"},"max_items":1},"ios":{"nesting_mode":"list","block":{"attributes":{"app_bundle_identifier":{"type":"string","description_kind":"plain","optional":true},"team_id":{"type":"string","description_kind":"plain","optional":true}},"description_kind":"plain"},"max_items":1}},"description_kind":"plain"},"max_items":1},"refresh_token":{"nesting_mode":"list","block":{"attributes":{"expiration_type":{"type":"string","description_kind":"plain","required":true},"leeway":{"type":"number","description_kind":"plain","optional":true},"rotation_type":{"type":"string","description_kind":"plain","required":true},"token_lifetime":{"type":"number","description_kind":"plain","optional":true}},"description_kind":"plain"},"max_items":1}},"description_kind":"plain"}},"auth0_hook":{"version":0,"block":{"attributes":{"enabled":{"type":"bool","description":"Whether the hook is enabled, or disabled","description_kind":"plain","optional":true},"id":{"type":"string","description_kind":"plain","optional":true,"computed":true},"name":{"type":"string","description":"Name of this hook","description_kind":"plain","required":true},"script":{"type":"string","description":"Code to be executed when this hook runs","description_kind":"plain","required":true},"trigger_id":{"type":"string","description":"Execution stage of this rule. Can be credentials-exchange, pre-user-registration, post-user-registration, post-change-password, or send-phone-message","description_kind":"plain","required":true}},"description_kind":"plain"}},"auth0_prompt":{"version":0,"block":{"attributes":{"id":{"type":"string","description_kind":"plain","optional":true,"computed":true},"universal_login_experience":{"type":"string","description_kind":"plain","optional":true}},"description_kind":"plain"}},"auth0_resource_server":{"version":0,"block":{"attributes":{"allow_offline_access":{"type":"bool","description_kind":"plain","optional":true},"enforce_policies":{"type":"bool","description_kind":"plain","optional":true},"id":{"type":"string","description_kind":"plain","optional":true,"computed":true},"identifier":{"type":"string","description_kind":"plain","optional":true},"name":{"type":"string","description_kind":"plain","optional":true},"options":{"type":["map","string"],"description_kind":"plain","optional":true},"signing_alg":{"type":"string","description_kind":"plain","optional":true,"computed":true},"signing_secret":{"type":"string","description_kind":"plain","optional":true,"computed":true},"skip_consent_for_verifiable_first_party_clients":{"type":"bool","description_kind":"plain","optional":true},"token_dialect":{"type":"string","description_kind":"plain","optional":true},"token_lifetime":{"type":"number","description_kind":"plain","optional":true,"computed":true},"token_lifetime_for_web":{"type":"number","description_kind":"plain","optional":true,"computed":true},"verification_location":{"type":"string","description_kind":"plain","optional":true}},"block_types":{"scopes":{"nesting_mode":"set","block":{"attributes":{"description":{"type":"string","description_kind":"plain","optional":true},"value":{"type":"string","description_kind":"plain","required":true}},"description_kind":"plain"}}},"description_kind":"plain"}},"auth0_role":{"version":0,"block":{"attributes":{"description":{"type":"string","description_kind":"plain","optional":true},"id":{"type":"string","description_kind":"plain","optional":true,"computed":true},"name":{"type":"string","description_kind":"plain","required":true},"user_ids":{"type":["list","string"],"description_kind":"plain","optional":true}},"block_types":{"permissions":{"nesting_mode":"set","block":{"attributes":{"name":{"type":"string","description_kind":"plain","required":true},"resource_server_identifier":{"type":"string","description_kind":"plain","required":true}},"description_kind":"plain"}}},"description_kind":"plain"}},"auth0_rule":{"version":0,"block":{"attributes":{"enabled":{"type":"bool","description_kind":"plain","optional":true},"id":{"type":"string","description_kind":"plain","optional":true,"computed":true},"name":{"type":"string","description_kind":"plain","required":true},"order":{"type":"number","description_kind":"plain","optional":true,"computed":true},"script":{"type":"string","description_kind":"plain","required":true}},"description_kind":"plain"}},"auth0_rule_config":{"version":0,"block":{"attributes":{"id":{"type":"string","description_kind":"plain","optional":true,"computed":true},"key":{"type":"string","description_kind":"plain","required":true},"value":{"type":"string","description_kind":"plain","required":true,"sensitive":true}},"description_kind":"plain"}},"auth0_tenant":{"version":0,"block":{"attributes":{"allowed_logout_urls":{"type":["list","string"],"description_kind":"plain","optional":true,"computed":true},"default_audience":{"type":"string","description_kind":"plain","optional":true,"computed":true},"default_directory":{"type":"string","description_kind":"plain","optional":true,"computed":true},"default_redirection_uri":{"type":"string","description_kind":"plain","optional":true,"computed":true},"enabled_locales":{"type":["set","string"],"description_kind":"plain","optional":true,"computed":true},"friendly_name":{"type":"string","description_kind":"plain","optional":true,"computed":true},"id":{"type":"string","description_kind":"plain","optional":true,"computed":true},"idle_session_lifetime":{"type":"number","description_kind":"plain","optional":true,"computed":true},"picture_url":{"type":"string","description_kind":"plain","optional":true,"computed":true},"sandbox_version":{"type":"string","description_kind":"plain","optional":true,"computed":true},"session_lifetime":{"type":"number","description_kind":"plain","optional":true,"computed":true},"support_email":{"type":"string","description_kind":"plain","optional":true,"computed":true},"support_url":{"type":"string","description_kind":"plain","optional":true,"computed":true}},"block_types":{"change_password":{"nesting_mode":"list","block":{"attributes":{"enabled":{"type":"bool","description_kind":"plain","required":true},"html":{"type":"string","description_kind":"plain","required":true}},"description_kind":"plain"},"max_items":1},"error_page":{"nesting_mode":"list","block":{"attributes":{"html":{"type":"string","description_kind":"plain","required":true},"show_log_link":{"type":"bool","description_kind":"plain","required":true},"url":{"type":"string","description_kind":"plain","required":true}},"description_kind":"plain"},"max_items":1},"flags":{"nesting_mode":"list","block":{"attributes":{"change_pwd_flow_v1":{"type":"bool","description_kind":"plain","optional":true,"computed":true},"disable_clickjack_protection_headers":{"type":"bool","description_kind":"plain","optional":true,"computed":true},"enable_apis_section":{"type":"bool","description_kind":"plain","optional":true,"computed":true},"enable_client_connections":{"type":"bool","description_kind":"plain","optional":true,"computed":true},"enable_custom_domain_in_emails":{"type":"bool","description_kind":"plain","optional":true,"computed":true},"enable_dynamic_client_registration":{"type":"bool","description_kind":"plain","optional":true,"computed":true},"enable_legacy_logs_search_v2":{"type":"bool","description_kind":"plain","optional":true,"computed":true},"enable_pipeline2":{"type":"bool","description_kind":"plain","optional":true,"computed":true},"enable_public_signup_user_exists_error":{"type":"bool","description_kind":"plain","optional":true,"computed":true},"universal_login":{"type":"bool","description_kind":"plain","optional":true,"computed":true},"use_scope_descriptions_for_consent":{"type":"bool","description_kind":"plain","optional":true,"computed":true}},"description_kind":"plain"},"max_items":1},"guardian_mfa_page":{"nesting_mode":"list","block":{"attributes":{"enabled":{"type":"bool","description_kind":"plain","required":true},"html":{"type":"string","description_kind":"plain","required":true}},"description_kind":"plain"},"max_items":1},"universal_login":{"nesting_mode":"list","block":{"block_types":{"colors":{"nesting_mode":"list","block":{"attributes":{"page_background":{"type":"string","description_kind":"plain","optional":true,"computed":true},"primary":{"type":"string","description_kind":"plain","optional":true,"computed":true}},"description_kind":"plain"},"max_items":1}},"description_kind":"plain"},"max_items":1}},"description_kind":"plain"}},"auth0_user":{"version":0,"block":{"attributes":{"app_metadata":{"type":"string","description_kind":"plain","optional":true},"blocked":{"type":"bool","description_kind":"plain","optional":true},"connection_name":{"type":"string","description_kind":"plain","required":true},"email":{"type":"string","description_kind":"plain","optional":true},"email_verified":{"type":"bool","description_kind":"plain","optional":true},"family_name":{"type":"string","description_kind":"plain","optional":true},"given_name":{"type":"string","description_kind":"plain","optional":true},"id":{"type":"string","description_kind":"plain","optional":true,"computed":true},"name":{"type":"string","description_kind":"plain","optional":true,"computed":true},"nickname":{"type":"string","description_kind":"plain","optional":true,"computed":true},"password":{"type":"string","description_kind":"plain","optional":true,"sensitive":true},"phone_number":{"type":"string","description_kind":"plain","optional":true},"phone_verified":{"type":"bool","description_kind":"plain","optional":true},"picture":{"type":"string","description_kind":"plain","optional":true,"computed":true},"roles":{"type":["set","string"],"description_kind":"plain","optional":true},"user_id":{"type":"string","description_kind":"plain","optional":true,"computed":true},"user_metadata":{"type":"string","description_kind":"plain","optional":true},"username":{"type":"string","description_kind":"plain","optional":true},"verify_email":{"type":"bool","description_kind":"plain","optional":true}},"description_kind":"plain"}}}}}}
