{"format_version":"0.1","provider_schemas":{"registry.terraform.io/chanzuckerberg/bless":{"provider":{"version":0,"block":{"attributes":{"profile":{"type":"string","description_kind":"plain","optional":true},"region":{"type":"string","description_kind":"plain","required":true},"role_arn":{"type":"string","description_kind":"plain","optional":true}},"description_kind":"plain"}},"resource_schemas":{"bless_ca":{"version":0,"block":{"attributes":{"encrypted_ca":{"type":"string","description":"This is the base64 encoded CA encrypted private key.","description_kind":"plain","computed":true},"encrypted_password":{"type":"string","description":"This is the kms encrypted password.","description_kind":"plain","computed":true},"id":{"type":"string","description_kind":"plain","optional":true,"computed":true},"kms_key_id":{"type":"string","description":"The kms key with which we should encrypt the CA password.","description_kind":"plain","required":true},"public_key":{"type":"string","description":"This is the plaintext CA public key in openssh format.","description_kind":"plain","computed":true}},"description_kind":"plain"}},"bless_ecdsa_ca":{"version":0,"block":{"attributes":{"encrypted_ca":{"type":"string","description":"This is the base64 encoded CA encrypted private key.","description_kind":"plain","computed":true},"encrypted_password":{"type":"string","description":"This is the kms encrypted password.","description_kind":"plain","computed":true},"id":{"type":"string","description_kind":"plain","optional":true,"computed":true},"kms_key_id":{"type":"string","description":"The kms key with which we should encrypt the CA password.","description_kind":"plain","required":true},"public_key":{"type":"string","description":"This is the plaintext CA public key in openssh format.","description_kind":"plain","computed":true}},"description_kind":"plain"}}},"data_source_schemas":{"bless_kms_public_key":{"version":0,"block":{"attributes":{"id":{"type":"string","description_kind":"plain","optional":true,"computed":true},"kms_key_id":{"type":"string","description":"The kms key we should get the public key","description_kind":"plain","required":true},"public_key":{"type":"string","description":"This is the CA public key in openssh format","description_kind":"plain","computed":true}},"description_kind":"plain"}},"bless_lambda":{"version":0,"block":{"attributes":{"encrypted_ca":{"type":"string","description":"The encrypted CA private key","description_kind":"plain","required":true},"encrypted_password":{"type":"string","description":"The kms encrypted password for the CA","description_kind":"plain","required":true},"id":{"type":"string","description_kind":"plain","optional":true,"computed":true},"kmsauth_iam_group_name_format":{"type":"string","description":"The format of IAM Group Name used to validate membership.","description_kind":"plain","optional":true},"kmsauth_key_id":{"type":"string","description":"The kmsauth key ID","description_kind":"plain","required":true},"kmsauth_remote_usernames_allowed":{"type":"string","description":"The remote usernames allowed. \"*\" indicates any","description_kind":"plain","optional":true},"kmsauth_validate_remote_user":{"type":"bool","description":"If bless should validate a remote username against an IAM group membership","description_kind":"plain","optional":true},"logging_level":{"type":"string","description":"Bless lambda logging level","description_kind":"plain","optional":true},"output_base64sha256":{"type":"string","description":"Base64Sha256 or temporary bless.zip contents","description_kind":"plain","computed":true},"output_path":{"type":"string","description":"Path where the bless zip archive will be written","description_kind":"plain","required":true},"service_name":{"type":"string","description":"The name of the bless CA service. Used for kmsauth.","description_kind":"plain","required":true},"username_validation":{"type":"string","description":"Bless lambda default username validation","description_kind":"plain","optional":true}},"description_kind":"plain"}}}}}}
