{"format_version":"0.1","provider_schemas":{"registry.terraform.io/philippe-vandermoere/algolia":{"provider":{"version":0,"block":{"attributes":{"api_key":{"type":"string","description":"The API key","description_kind":"plain","required":true},"application_id":{"type":"string","description":"The Algolia application ID","description_kind":"plain","required":true}},"description_kind":"plain"}},"resource_schemas":{"algolia_api_key":{"version":0,"block":{"attributes":{"acl":{"type":["set","string"],"description_kind":"plain","required":true},"description":{"type":"string","description_kind":"plain","required":true},"id":{"type":"string","description_kind":"plain","optional":true,"computed":true},"indexes":{"type":["set","string"],"description_kind":"plain","optional":true},"key":{"type":"string","description_kind":"plain","computed":true,"sensitive":true},"max_hits_per_query":{"type":"number","description_kind":"plain","optional":true},"max_queries_per_ip_peer_hour":{"type":"number","description_kind":"plain","optional":true},"referers":{"type":["set","string"],"description_kind":"plain","optional":true}},"description_kind":"plain"}}},"data_source_schemas":{"algolia_index":{"version":0,"block":{"attributes":{"id":{"type":"string","description_kind":"plain","optional":true,"computed":true},"name":{"type":"string","description_kind":"plain","required":true},"settings":{"type":["list",["object",{"advanced_syntax":"bool","advanced_syntax_features":["set","string"],"allow_compression_of_integer_array":"bool","allow_typos_on_numeric_tokens":"bool","alternatives_as_exact":["set","string"],"attribute_criteria_computed_by_min_proximity":"bool","attribute_for_distinct":"string","attributes_to_highlight":["set","string"],"attributes_to_retrieve":["set","string"],"attributes_to_snippet":["set","string"],"attributesfor_faceting":["set","string"],"camel_case_attributes":["set","string"],"custom_ranking":["set","string"],"disable_exact_on_attributes":["set","string"],"disable_prefix_on_attributes":["set","string"],"disable_typo_tolerance_on_attributes":["set","string"],"disable_typo_tolerance_on_words":["set","string"],"enable_personalization":"bool","enable_rules":"bool","exact_on_single_word_query":"string","hits_per_page":"number","index_languages":["set","string"],"max_facet_hits":"number","max_values_per_facet":"number","min_proximity":"number","min_word_sizefor1_typo":"number","min_word_sizefor2_typos":"number","numeric_attributes_for_filtering":["set","string"],"optional_words":["set","string"],"pagination_limited_to":"number","primary":"string","query_languages":["set","string"],"query_type":"string","ranking":["set","string"],"remove_words_if_no_results":"string","replace_synonyms_in_highlight":"bool","replicas":["set","string"],"restrict_highlight_and_snippet_arrays":"bool","searchable_attributes":["set","string"],"separators_to_index":"string","snippet_ellipsis_text":"string","sort_facet_values_by":"string","unretrievable_attributes":["set","string"]}]],"description_kind":"plain","computed":true}},"description_kind":"plain"}}}}}}
