{"format_version":"0.1","provider_schemas":{"registry.terraform.io/hashicorp/time":{"provider":{"version":0,"block":{"description_kind":"plain"}},"resource_schemas":{"time_offset":{"version":0,"block":{"attributes":{"base_rfc3339":{"type":"string","description_kind":"plain","optional":true,"computed":true},"day":{"type":"number","description_kind":"plain","computed":true},"hour":{"type":"number","description_kind":"plain","computed":true},"id":{"type":"string","description_kind":"plain","optional":true,"computed":true},"minute":{"type":"number","description_kind":"plain","computed":true},"month":{"type":"number","description_kind":"plain","computed":true},"offset_days":{"type":"number","description_kind":"plain","optional":true},"offset_hours":{"type":"number","description_kind":"plain","optional":true},"offset_minutes":{"type":"number","description_kind":"plain","optional":true},"offset_months":{"type":"number","description_kind":"plain","optional":true},"offset_seconds":{"type":"number","description_kind":"plain","optional":true},"offset_years":{"type":"number","description_kind":"plain","optional":true},"rfc3339":{"type":"string","description_kind":"plain","computed":true},"second":{"type":"number","description_kind":"plain","computed":true},"triggers":{"type":["map","string"],"description_kind":"plain","optional":true},"unix":{"type":"number","description_kind":"plain","computed":true},"year":{"type":"number","description_kind":"plain","computed":true}},"description_kind":"plain"}},"time_rotating":{"version":0,"block":{"attributes":{"day":{"type":"number","description_kind":"plain","computed":true},"hour":{"type":"number","description_kind":"plain","computed":true},"id":{"type":"string","description_kind":"plain","optional":true,"computed":true},"minute":{"type":"number","description_kind":"plain","computed":true},"month":{"type":"number","description_kind":"plain","computed":true},"rfc3339":{"type":"string","description_kind":"plain","optional":true,"computed":true},"rotation_days":{"type":"number","description_kind":"plain","optional":true},"rotation_hours":{"type":"number","description_kind":"plain","optional":true},"rotation_minutes":{"type":"number","description_kind":"plain","optional":true},"rotation_months":{"type":"number","description_kind":"plain","optional":true},"rotation_rfc3339":{"type":"string","description_kind":"plain","optional":true,"computed":true},"rotation_years":{"type":"number","description_kind":"plain","optional":true},"second":{"type":"number","description_kind":"plain","computed":true},"triggers":{"type":["map","string"],"description_kind":"plain","optional":true},"unix":{"type":"number","description_kind":"plain","computed":true},"year":{"type":"number","description_kind":"plain","computed":true}},"description_kind":"plain"}},"time_sleep":{"version":0,"block":{"attributes":{"create_duration":{"type":"string","description_kind":"plain","optional":true},"destroy_duration":{"type":"string","description_kind":"plain","optional":true},"id":{"type":"string","description_kind":"plain","optional":true,"computed":true},"triggers":{"type":["map","string"],"description_kind":"plain","optional":true}},"description_kind":"plain"}},"time_static":{"version":0,"block":{"attributes":{"day":{"type":"number","description_kind":"plain","computed":true},"hour":{"type":"number","description_kind":"plain","computed":true},"id":{"type":"string","description_kind":"plain","optional":true,"computed":true},"minute":{"type":"number","description_kind":"plain","computed":true},"month":{"type":"number","description_kind":"plain","computed":true},"rfc3339":{"type":"string","description_kind":"plain","optional":true,"computed":true},"second":{"type":"number","description_kind":"plain","computed":true},"triggers":{"type":["map","string"],"description_kind":"plain","optional":true},"unix":{"type":"number","description_kind":"plain","computed":true},"year":{"type":"number","description_kind":"plain","computed":true}},"description_kind":"plain"}}}}}}
