{"format_version":"0.1","provider_schemas":{"registry.terraform.io/tidal-engineering/spinnaker":{"provider":{"version":0,"block":{"attributes":{"config":{"type":"string","description":"Path to Gate config file","description_kind":"plain","optional":true},"default_headers":{"type":"string","description":"Headers to be passed to the gate endpoint by the client on each request","description_kind":"plain","optional":true},"ignore_cert_errors":{"type":"bool","description":"Ignore certificate errors from Gate","description_kind":"plain","optional":true},"server":{"type":"string","description":"URL for Gate","description_kind":"plain","required":true}},"description_kind":"plain"}},"resource_schemas":{"spinnaker_application":{"version":0,"block":{"attributes":{"application":{"type":"string","description_kind":"plain","required":true},"description":{"type":"string","description_kind":"plain","optional":true},"email":{"type":"string","description_kind":"plain","required":true},"id":{"type":"string","description_kind":"plain","optional":true,"computed":true},"platform_health_only":{"type":"bool","description_kind":"plain","optional":true},"platform_health_only_show_override":{"type":"bool","description_kind":"plain","optional":true}},"description_kind":"plain"}},"spinnaker_pipeline":{"version":0,"block":{"attributes":{"application":{"type":"string","description_kind":"plain","required":true},"id":{"type":"string","description_kind":"plain","optional":true,"computed":true},"name":{"type":"string","description_kind":"plain","required":true},"pipeline":{"type":"string","description_kind":"plain","required":true},"pipeline_id":{"type":"string","description_kind":"plain","computed":true}},"description_kind":"plain"}},"spinnaker_pipeline_template":{"version":0,"block":{"attributes":{"id":{"type":"string","description_kind":"plain","optional":true,"computed":true},"template":{"type":"string","description_kind":"plain","required":true},"url":{"type":"string","description_kind":"plain","computed":true}},"description_kind":"plain"}},"spinnaker_pipeline_template_config":{"version":0,"block":{"attributes":{"application":{"type":"string","description_kind":"plain","computed":true},"id":{"type":"string","description_kind":"plain","optional":true,"computed":true},"keep_waiting":{"type":"bool","description_kind":"plain","optional":true},"limit_concurrent":{"type":"bool","description_kind":"plain","optional":true},"name":{"type":"string","description_kind":"plain","computed":true},"parallel":{"type":"bool","description_kind":"plain","optional":true},"pipeline_config":{"type":"string","description_kind":"plain","required":true}},"description_kind":"plain"}}},"data_source_schemas":{"spinnaker_pipeline":{"version":0,"block":{"attributes":{"application":{"type":"string","description_kind":"plain","required":true},"id":{"type":"string","description_kind":"plain","optional":true,"computed":true},"name":{"type":"string","description_kind":"plain","required":true},"pipeline":{"type":"string","description_kind":"plain","computed":true},"pipeline_id":{"type":"string","description_kind":"plain","computed":true}},"description_kind":"plain"}}}}}}
