{"format_version":"0.1","provider_schemas":{"registry.terraform.io/davidji99/herokux":{"provider":{"version":0,"block":{"attributes":{"api_key":{"type":"string","description_kind":"plain","optional":true},"headers":{"type":["map","string"],"description_kind":"plain","optional":true},"metrics_api_url":{"type":"string","description_kind":"plain","optional":true},"postgres_api_url":{"type":"string","description_kind":"plain","optional":true}},"block_types":{"timeouts":{"nesting_mode":"list","block":{"attributes":{"kafka_cg_create_timeout":{"type":"number","description_kind":"plain","optional":true},"kafka_cg_delete_timeout":{"type":"number","description_kind":"plain","optional":true},"kafka_topic_create_timeout":{"type":"number","description_kind":"plain","optional":true},"kafka_topic_update_timeout":{"type":"number","description_kind":"plain","optional":true},"mtls_certificate_create_timeout":{"type":"number","description_kind":"plain","optional":true},"mtls_certificate_delete_timeout":{"type":"number","description_kind":"plain","optional":true},"mtls_deprovision_timeout":{"type":"number","description_kind":"plain","optional":true},"mtls_iprule_create_timeout":{"type":"number","description_kind":"plain","optional":true},"mtls_provision_timeout":{"type":"number","description_kind":"plain","optional":true},"privatelink_allowed_acccounts_add_timeout":{"type":"number","description_kind":"plain","optional":true},"privatelink_allowed_acccounts_remove_timeout":{"type":"number","description_kind":"plain","optional":true},"privatelink_create_timeout":{"type":"number","description_kind":"plain","optional":true},"privatelink_delete_timeout":{"type":"number","description_kind":"plain","optional":true}},"description_kind":"plain"},"max_items":1}},"description_kind":"plain"}},"resource_schemas":{"herokux_formation_autoscaling":{"version":0,"block":{"attributes":{"action_type":{"type":"string","description_kind":"plain","computed":true},"app_id":{"type":"string","description_kind":"plain","required":true},"desired_p95_response_time":{"type":"number","description_kind":"plain","required":true},"dyno_type":{"type":"string","description_kind":"plain","optional":true,"computed":true},"formation_name":{"type":"string","description_kind":"plain","required":true},"id":{"type":"string","description_kind":"plain","optional":true,"computed":true},"is_active":{"type":"bool","description_kind":"plain","required":true},"max_quantity":{"type":"number","description_kind":"plain","required":true},"min_quantity":{"type":"number","description_kind":"plain","required":true},"notification_channels":{"type":["list","string"],"description_kind":"plain","optional":true,"computed":true},"notification_period":{"type":"number","description_kind":"plain","optional":true},"operation":{"type":"string","description_kind":"plain","computed":true},"period":{"type":"number","description_kind":"plain","optional":true},"quantity":{"type":"number","description_kind":"plain","computed":true}},"description_kind":"plain"}},"herokux_kafka_consumer_group":{"version":0,"block":{"attributes":{"id":{"type":"string","description_kind":"plain","optional":true,"computed":true},"kafka_id":{"type":"string","description_kind":"plain","required":true},"name":{"type":"string","description_kind":"plain","required":true}},"description_kind":"plain"}},"herokux_kafka_topic":{"version":0,"block":{"attributes":{"cleanup_policy":{"type":"string","description_kind":"plain","computed":true},"compaction":{"type":"bool","description_kind":"plain","optional":true,"computed":true},"id":{"type":"string","description_kind":"plain","optional":true,"computed":true},"kafka_id":{"type":"string","description_kind":"plain","required":true},"name":{"type":"string","description_kind":"plain","required":true},"partitions":{"type":"number","description_kind":"plain","required":true},"replication_factor":{"type":"number","description_kind":"plain","optional":true},"retention_time":{"type":"string","description_kind":"plain","optional":true},"status":{"type":"string","description_kind":"plain","computed":true}},"description_kind":"plain"}},"herokux_postgres_mtls":{"version":0,"block":{"attributes":{"app_name":{"type":"string","description_kind":"plain","computed":true},"certificate_authority_chain":{"type":"string","description_kind":"plain","computed":true,"sensitive":true},"database_name":{"type":"string","description_kind":"plain","required":true},"enabled_by":{"type":"string","description_kind":"plain","computed":true},"id":{"type":"string","description_kind":"plain","optional":true,"computed":true},"initial_certificate_id":{"type":"string","description_kind":"plain","computed":true},"status":{"type":"string","description_kind":"plain","computed":true}},"description_kind":"plain"}},"herokux_postgres_mtls_certificate":{"version":0,"block":{"attributes":{"cert_id":{"type":"string","description_kind":"plain","computed":true},"certificate_with_chain":{"type":"string","description_kind":"plain","computed":true,"sensitive":true},"database_name":{"type":"string","description_kind":"plain","required":true},"expiration_date":{"type":"string","description_kind":"plain","computed":true,"sensitive":true},"id":{"type":"string","description_kind":"plain","optional":true,"computed":true},"name":{"type":"string","description_kind":"plain","computed":true},"private_key":{"type":"string","description_kind":"plain","computed":true,"sensitive":true},"status":{"type":"string","description_kind":"plain","computed":true}},"description_kind":"plain"}},"herokux_postgres_mtls_iprule":{"version":0,"block":{"attributes":{"cidr":{"type":"string","description_kind":"plain","required":true},"database_name":{"type":"string","description_kind":"plain","required":true},"description":{"type":"string","description_kind":"plain","optional":true},"id":{"type":"string","description_kind":"plain","optional":true,"computed":true},"rule_id":{"type":"string","description_kind":"plain","computed":true},"status":{"type":"string","description_kind":"plain","computed":true}},"description_kind":"plain"}},"herokux_privatelink":{"version":0,"block":{"attributes":{"addon_id":{"type":"string","description_kind":"plain","required":true},"allowed_accounts":{"type":["set","string"],"description_kind":"plain","required":true},"id":{"type":"string","description_kind":"plain","optional":true,"computed":true},"service_name":{"type":"string","description_kind":"plain","computed":true},"status":{"type":"string","description_kind":"plain","computed":true}},"description_kind":"plain"}}},"data_source_schemas":{"herokux_postgres_mtls_certificate":{"version":0,"block":{"attributes":{"cert_id":{"type":"string","description_kind":"plain","required":true},"certificate_with_chain":{"type":"string","description_kind":"plain","computed":true,"sensitive":true},"database_name":{"type":"string","description_kind":"plain","required":true},"expiration_date":{"type":"string","description_kind":"plain","computed":true,"sensitive":true},"id":{"type":"string","description_kind":"plain","optional":true,"computed":true},"name":{"type":"string","description_kind":"plain","computed":true},"private_key":{"type":"string","description_kind":"plain","computed":true,"sensitive":true},"status":{"type":"string","description_kind":"plain","computed":true}},"description_kind":"plain"}}}}}}
