{"format_version":"0.1","provider_schemas":{"registry.terraform.io/launchdarkly/launchdarkly":{"provider":{"version":0,"block":{"attributes":{"access_token":{"type":"string","description":"The LaunchDarkly API key","description_kind":"plain","optional":true},"api_host":{"type":"string","description":"The LaunchDarkly host address, e.g. https://app.launchdarkly.com","description_kind":"plain","optional":true},"oauth_token":{"type":"string","description":"The LaunchDarkly OAuth token","description_kind":"plain","optional":true}},"description_kind":"plain"}},"resource_schemas":{"launchdarkly_access_token":{"version":0,"block":{"attributes":{"custom_roles":{"type":["set","string"],"description":"A set of custom role keys to use as access limits for the access token","description_kind":"plain","optional":true},"default_api_version":{"type":"number","description":"The default API version for this token. Defaults to the latest API version.","description_kind":"plain","optional":true,"computed":true},"expire":{"type":"number","description":"Replace the computed token secret with a new value. The expired secret will no longer be able to authorize usage of the LaunchDarkly API. Should be an expiration time for the current token secret, expressed as a Unix epoch time in milliseconds. Setting this to a negative value will expire the existing token immediately. To reset the token value again, change 'expire' to a new value. Setting this field at resource creation time WILL NOT set an expiration time for the token.","description_kind":"plain","optional":true},"id":{"type":"string","description_kind":"plain","optional":true,"computed":true},"name":{"type":"string","description":"The human-readable name of the access token","description_kind":"plain","required":true},"role":{"type":"string","description":"The name of a built-in role for the token","description_kind":"plain","optional":true},"service_token":{"type":"bool","description":"Whether the token will be a service token https://docs.launchdarkly.com/home/account-security/api-access-tokens#service-tokens","description_kind":"plain","optional":true},"token":{"type":"string","description":"The secret key used to authorize usage of the LaunchDarkly API","description_kind":"plain","computed":true,"sensitive":true}},"block_types":{"policy_statements":{"nesting_mode":"list","block":{"attributes":{"actions":{"type":["list","string"],"description_kind":"plain","optional":true},"effect":{"type":"string","description_kind":"plain","required":true},"not_actions":{"type":["list","string"],"description_kind":"plain","optional":true},"not_resources":{"type":["list","string"],"description_kind":"plain","optional":true},"resources":{"type":["list","string"],"description_kind":"plain","optional":true}},"description":"A list of policy statements defining the permissions for the token. May be used in place of a built-in or custom role.","description_kind":"plain"}}},"description_kind":"plain"}},"launchdarkly_custom_role":{"version":0,"block":{"attributes":{"description":{"type":"string","description_kind":"plain","optional":true},"id":{"type":"string","description_kind":"plain","optional":true,"computed":true},"key":{"type":"string","description_kind":"plain","required":true},"name":{"type":"string","description_kind":"plain","required":true}},"block_types":{"policy":{"nesting_mode":"set","block":{"attributes":{"actions":{"type":["list","string"],"description_kind":"plain","required":true},"effect":{"type":"string","description_kind":"plain","required":true},"resources":{"type":["list","string"],"description_kind":"plain","required":true}},"description_kind":"plain","deprecated":true}},"policy_statements":{"nesting_mode":"list","block":{"attributes":{"actions":{"type":["list","string"],"description_kind":"plain","optional":true},"effect":{"type":"string","description_kind":"plain","required":true},"not_actions":{"type":["list","string"],"description_kind":"plain","optional":true},"not_resources":{"type":["list","string"],"description_kind":"plain","optional":true},"resources":{"type":["list","string"],"description_kind":"plain","optional":true}},"description_kind":"plain"}}},"description_kind":"plain"}},"launchdarkly_destination":{"version":0,"block":{"attributes":{"config":{"type":["map","string"],"description_kind":"plain","optional":true},"enabled":{"type":"bool","description_kind":"plain","optional":true},"env_key":{"type":"string","description":"The LaunchDarkly environment key","description_kind":"plain","required":true},"id":{"type":"string","description_kind":"plain","optional":true,"computed":true},"kind":{"type":"string","description":"The data export destination type - must be 'kinesis', 'google-pubsub', 'mparticle', or 'segment'","description_kind":"plain","required":true},"name":{"type":"string","description":"a human-readable name for your data export destination","description_kind":"plain","required":true},"project_key":{"type":"string","description":"The LaunchDarkly project key","description_kind":"plain","required":true},"tags":{"type":["set","string"],"description_kind":"plain","optional":true}},"description_kind":"plain"}},"launchdarkly_environment":{"version":0,"block":{"attributes":{"api_key":{"type":"string","description_kind":"plain","computed":true,"sensitive":true},"client_side_id":{"type":"string","description_kind":"plain","computed":true,"sensitive":true},"color":{"type":"string","description_kind":"plain","required":true},"confirm_changes":{"type":"bool","description_kind":"plain","optional":true},"default_track_events":{"type":"bool","description_kind":"plain","optional":true},"default_ttl":{"type":"number","description_kind":"plain","optional":true},"id":{"type":"string","description_kind":"plain","optional":true,"computed":true},"key":{"type":"string","description_kind":"plain","required":true},"mobile_key":{"type":"string","description_kind":"plain","computed":true,"sensitive":true},"name":{"type":"string","description_kind":"plain","required":true},"project_key":{"type":"string","description_kind":"plain","optional":true},"require_comments":{"type":"bool","description_kind":"plain","optional":true},"secure_mode":{"type":"bool","description_kind":"plain","optional":true},"tags":{"type":["set","string"],"description_kind":"plain","optional":true}},"description_kind":"plain"}},"launchdarkly_feature_flag":{"version":0,"block":{"attributes":{"default_off_variation":{"type":"string","description":"The value of the variation served when the flag is off for new environments","description_kind":"plain","optional":true},"default_on_variation":{"type":"string","description":"The value of the variation served when the flag is on for new environments","description_kind":"plain","optional":true},"description":{"type":"string","description_kind":"plain","optional":true},"id":{"type":"string","description_kind":"plain","optional":true,"computed":true},"include_in_snippet":{"type":"bool","description_kind":"plain","optional":true},"key":{"type":"string","description":"The human-readable name of the feature flag","description_kind":"plain","required":true},"maintainer_id":{"type":"string","description_kind":"plain","optional":true},"name":{"type":"string","description":"The feature flag's description","description_kind":"plain","required":true},"project_key":{"type":"string","description":"The feature flag's project key","description_kind":"plain","required":true},"tags":{"type":["set","string"],"description_kind":"plain","optional":true},"temporary":{"type":"bool","description_kind":"plain","optional":true},"variation_type":{"type":"string","description":"The uniform type for all variations. Can be either \"boolean\", \"string\", \"number\", or \"json\".","description_kind":"plain","required":true}},"block_types":{"custom_properties":{"nesting_mode":"set","block":{"attributes":{"key":{"type":"string","description_kind":"plain","required":true},"name":{"type":"string","description_kind":"plain","required":true},"value":{"type":["list","string"],"description_kind":"plain","required":true}},"description_kind":"plain"},"max_items":64},"variations":{"nesting_mode":"list","block":{"attributes":{"description":{"type":"string","description_kind":"plain","optional":true},"name":{"type":"string","description_kind":"plain","optional":true},"value":{"type":"string","description_kind":"plain","required":true}},"description_kind":"plain"}}},"description_kind":"plain"}},"launchdarkly_feature_flag_environment":{"version":0,"block":{"attributes":{"env_key":{"type":"string","description_kind":"plain","required":true},"flag_id":{"type":"string","description_kind":"plain","required":true},"id":{"type":"string","description_kind":"plain","optional":true,"computed":true},"off_variation":{"type":"number","description_kind":"plain","optional":true,"computed":true},"targeting_enabled":{"type":"bool","description_kind":"plain","optional":true,"computed":true},"track_events":{"type":"bool","description_kind":"plain","optional":true,"computed":true}},"block_types":{"flag_fallthrough":{"nesting_mode":"list","block":{"attributes":{"bucket_by":{"type":"string","description_kind":"plain","optional":true},"rollout_weights":{"type":["list","number"],"description_kind":"plain","optional":true},"variation":{"type":"number","description_kind":"plain","optional":true}},"description_kind":"plain"},"max_items":1},"prerequisites":{"nesting_mode":"list","block":{"attributes":{"flag_key":{"type":"string","description_kind":"plain","required":true},"variation":{"type":"number","description_kind":"plain","required":true}},"description_kind":"plain"}},"rules":{"nesting_mode":"list","block":{"attributes":{"bucket_by":{"type":"string","description_kind":"plain","optional":true},"rollout_weights":{"type":["list","number"],"description_kind":"plain","optional":true},"variation":{"type":"number","description_kind":"plain","optional":true}},"block_types":{"clauses":{"nesting_mode":"list","block":{"attributes":{"attribute":{"type":"string","description_kind":"plain","required":true},"negate":{"type":"bool","description_kind":"plain","required":true},"op":{"type":"string","description_kind":"plain","required":true},"values":{"type":["list","string"],"description_kind":"plain","required":true}},"description_kind":"plain"}}},"description_kind":"plain"}},"user_targets":{"nesting_mode":"list","block":{"attributes":{"values":{"type":["list","string"],"description_kind":"plain","optional":true}},"description_kind":"plain"}}},"description_kind":"plain"}},"launchdarkly_project":{"version":0,"block":{"attributes":{"id":{"type":"string","description_kind":"plain","optional":true,"computed":true},"key":{"type":"string","description_kind":"plain","required":true},"name":{"type":"string","description_kind":"plain","required":true},"tags":{"type":["set","string"],"description_kind":"plain","optional":true}},"block_types":{"environments":{"nesting_mode":"list","block":{"attributes":{"api_key":{"type":"string","description_kind":"plain","computed":true,"sensitive":true},"client_side_id":{"type":"string","description_kind":"plain","computed":true,"sensitive":true},"color":{"type":"string","description_kind":"plain","required":true},"confirm_changes":{"type":"bool","description_kind":"plain","optional":true},"default_track_events":{"type":"bool","description_kind":"plain","optional":true},"default_ttl":{"type":"number","description_kind":"plain","optional":true},"key":{"type":"string","description_kind":"plain","required":true},"mobile_key":{"type":"string","description_kind":"plain","computed":true,"sensitive":true},"name":{"type":"string","description_kind":"plain","required":true},"require_comments":{"type":"bool","description_kind":"plain","optional":true},"secure_mode":{"type":"bool","description_kind":"plain","optional":true},"tags":{"type":["set","string"],"description_kind":"plain","optional":true}},"description_kind":"plain","deprecated":true}}},"description_kind":"plain"}},"launchdarkly_segment":{"version":0,"block":{"attributes":{"description":{"type":"string","description_kind":"plain","optional":true},"env_key":{"type":"string","description_kind":"plain","required":true},"excluded":{"type":["list","string"],"description_kind":"plain","optional":true},"id":{"type":"string","description_kind":"plain","optional":true,"computed":true},"included":{"type":["list","string"],"description_kind":"plain","optional":true},"key":{"type":"string","description_kind":"plain","required":true},"name":{"type":"string","description_kind":"plain","required":true},"project_key":{"type":"string","description_kind":"plain","optional":true},"tags":{"type":["set","string"],"description_kind":"plain","optional":true}},"block_types":{"rules":{"nesting_mode":"list","block":{"attributes":{"bucket_by":{"type":"string","description_kind":"plain","optional":true},"weight":{"type":"number","description_kind":"plain","optional":true}},"block_types":{"clauses":{"nesting_mode":"list","block":{"attributes":{"attribute":{"type":"string","description_kind":"plain","required":true},"negate":{"type":"bool","description_kind":"plain","required":true},"op":{"type":"string","description_kind":"plain","required":true},"values":{"type":["list","string"],"description_kind":"plain","required":true}},"description_kind":"plain"}}},"description_kind":"plain"}}},"description_kind":"plain"}},"launchdarkly_team_member":{"version":0,"block":{"attributes":{"custom_roles":{"type":["set","string"],"description_kind":"plain","optional":true},"email":{"type":"string","description_kind":"plain","required":true},"first_name":{"type":"string","description_kind":"plain","optional":true},"id":{"type":"string","description_kind":"plain","optional":true,"computed":true},"last_name":{"type":"string","description_kind":"plain","optional":true},"role":{"type":"string","description_kind":"plain","optional":true,"computed":true}},"description_kind":"plain"}},"launchdarkly_webhook":{"version":0,"block":{"attributes":{"enabled":{"type":"bool","description_kind":"plain","required":true},"id":{"type":"string","description_kind":"plain","optional":true,"computed":true},"name":{"type":"string","description_kind":"plain","optional":true},"secret":{"type":"string","description_kind":"plain","optional":true,"sensitive":true},"tags":{"type":["set","string"],"description_kind":"plain","optional":true},"url":{"type":"string","description_kind":"plain","required":true}},"block_types":{"policy_statements":{"nesting_mode":"list","block":{"attributes":{"actions":{"type":["list","string"],"description_kind":"plain","optional":true},"effect":{"type":"string","description_kind":"plain","required":true},"not_actions":{"type":["list","string"],"description_kind":"plain","optional":true},"not_resources":{"type":["list","string"],"description_kind":"plain","optional":true},"resources":{"type":["list","string"],"description_kind":"plain","optional":true}},"description_kind":"plain"}}},"description_kind":"plain"}}},"data_source_schemas":{"launchdarkly_team_member":{"version":0,"block":{"attributes":{"custom_roles":{"type":["set","string"],"description_kind":"plain","computed":true},"email":{"type":"string","description_kind":"plain","required":true},"first_name":{"type":"string","description_kind":"plain","computed":true},"id":{"type":"string","description_kind":"plain","optional":true,"computed":true},"last_name":{"type":"string","description_kind":"plain","computed":true},"role":{"type":"string","description_kind":"plain","computed":true}},"description_kind":"plain"}}}}}}
