{"format_version":"0.1","provider_schemas":{"registry.terraform.io/brightbox/brightbox":{"provider":{"version":0,"block":{"attributes":{"account":{"type":"string","description":"Brightbox Cloud Account to operate on","description_kind":"plain","optional":true},"apiclient":{"type":"string","description":"Brightbox Cloud API Client/OAuth Application ID","description_kind":"plain","optional":true},"apisecret":{"type":"string","description":"Brightbox Cloud API Client/OAuth Application Secret","description_kind":"plain","optional":true},"apiurl":{"type":"string","description":"Brightbox Cloud Api URL for selected Region","description_kind":"plain","optional":true},"orbit_url":{"type":"string","description":"Brightbox Cloud Orbit URL for selected Region","description_kind":"plain","optional":true},"password":{"type":"string","description":"Brightbox Cloud Password for User Name","description_kind":"plain","optional":true,"sensitive":true},"username":{"type":"string","description":"Brightbox Cloud User Name","description_kind":"plain","optional":true}},"description_kind":"plain"}},"resource_schemas":{"brightbox_api_client":{"version":0,"block":{"attributes":{"account":{"type":"string","description":"The account the API client relates to","description_kind":"plain","computed":true},"description":{"type":"string","description":"Verbose Description of this client","description_kind":"plain","optional":true},"id":{"type":"string","description_kind":"plain","optional":true,"computed":true},"name":{"type":"string","description":"Human Readable Name","description_kind":"plain","optional":true},"permissions_group":{"type":"string","description":"Summary of the permissions granted to the client (full, storage)","description_kind":"plain","optional":true},"secret":{"type":"string","description":"A shared secret the client must present when authenticating","description_kind":"plain","computed":true,"sensitive":true}},"block_types":{"timeouts":{"nesting_mode":"single","block":{"attributes":{"create":{"type":"string","description_kind":"plain","optional":true},"delete":{"type":"string","description_kind":"plain","optional":true}},"description_kind":"plain"}}},"description_kind":"plain"}},"brightbox_cloudip":{"version":0,"block":{"attributes":{"fqdn":{"type":"string","description":"Full Domain name entry for the Cloud IP","description_kind":"plain","computed":true},"id":{"type":"string","description_kind":"plain","optional":true,"computed":true},"locked":{"type":"string","description":"No lock on Cloud IPs","description_kind":"plain","deprecated":true,"computed":true},"name":{"type":"string","description":"Name assigned to the Cloud IP","description_kind":"plain","optional":true},"public_ip":{"type":"string","description":"Old alias of the IPv4 address","description_kind":"plain","computed":true},"public_ipv4":{"type":"string","description":"IPv4 address","description_kind":"plain","computed":true},"public_ipv6":{"type":"string","description":"IPv6 address","description_kind":"plain","computed":true},"reverse_dns":{"type":"string","description":"Reverse DNS entry for the Cloud IP","description_kind":"plain","optional":true,"computed":true},"status":{"type":"string","description":"Current state of the Cloud IP","description_kind":"plain","computed":true},"target":{"type":"string","description":"The object this Cloud IP maps to","description_kind":"plain","optional":true}},"block_types":{"port_translator":{"nesting_mode":"set","block":{"attributes":{"incoming":{"type":"number","description":"Incoming Port","description_kind":"plain","required":true},"outgoing":{"type":"number","description":"Outgoing Port","description_kind":"plain","required":true},"protocol":{"type":"string","description":"Transport protocol to port translate (tcp/udp)","description_kind":"plain","required":true}},"description":"Array of Port Translators","description_kind":"plain"}},"timeouts":{"nesting_mode":"single","block":{"attributes":{"create":{"type":"string","description_kind":"plain","optional":true},"delete":{"type":"string","description_kind":"plain","optional":true}},"description_kind":"plain"}}},"description_kind":"plain"}},"brightbox_config_map":{"version":0,"block":{"attributes":{"data":{"type":["map","string"],"description":"keys/values making up the ConfigMap","description_kind":"plain","required":true},"id":{"type":"string","description_kind":"plain","optional":true,"computed":true},"name":{"type":"string","description":"User editable label","description_kind":"plain","optional":true}},"block_types":{"timeouts":{"nesting_mode":"single","block":{"attributes":{"create":{"type":"string","description_kind":"plain","optional":true},"delete":{"type":"string","description_kind":"plain","optional":true}},"description_kind":"plain"}}},"description_kind":"plain"}},"brightbox_database_server":{"version":0,"block":{"attributes":{"admin_password":{"type":"string","description":"Initial password required to login, only available at creation or following a password reset request","description_kind":"plain","computed":true,"sensitive":true},"admin_username":{"type":"string","description":"Initial username required to login","description_kind":"plain","computed":true},"allow_access":{"type":["set","string"],"description":"An array of resources allowed to access the database. Accepted values include `any`, `IPv4 address`, `server identifier`, `server group identifier`","description_kind":"plain","required":true},"database_engine":{"type":"string","description":"The DBMS engine of the Database Server","description_kind":"plain","optional":true,"computed":true},"database_type":{"type":"string","description":"ID of the database type to use","description_kind":"plain","optional":true,"computed":true},"database_version":{"type":"string","description":"The version of the given engine in use","description_kind":"plain","optional":true,"computed":true},"description":{"type":"string","description":"Editable user label","description_kind":"plain","optional":true},"id":{"type":"string","description_kind":"plain","optional":true,"computed":true},"locked":{"type":"bool","description":"Initial password required to login, only available at creation or following a password reset request","description_kind":"plain","optional":true},"maintenance_hour":{"type":"number","description":"Number representing 24hr time start of maintenance window hour for x:00-x:59 (0-23)","description_kind":"plain","optional":true,"computed":true},"maintenance_weekday":{"type":"number","description":"Numerical index of weekday (0 is Sunday, 1 is Monday...) to set when automatic updates may be performed","description_kind":"plain","optional":true,"computed":true},"name":{"type":"string","description":"Editable user label","description_kind":"plain","optional":true},"snapshot":{"type":"string","description":"Identifier for an SQL snapshot to use as the basis of the new instance. Creates and restores the database from the snapshot","description_kind":"plain","optional":true},"snapshots_schedule":{"type":"string","description":"Crontab pattern for scheduled snapshots. Must be at least hourly","description_kind":"plain","optional":true},"snapshots_schedule_next_at":{"type":"string","description":"time in UTC when next approximate scheduled snapshot will be run","description_kind":"plain","computed":true},"status":{"type":"string","description":"State the database server is in","description_kind":"plain","computed":true},"zone":{"type":"string","description":"ID of the zone the database server is in","description_kind":"plain","optional":true,"computed":true}},"block_types":{"timeouts":{"nesting_mode":"single","block":{"attributes":{"create":{"type":"string","description_kind":"plain","optional":true},"delete":{"type":"string","description_kind":"plain","optional":true}},"description_kind":"plain"}}},"description_kind":"plain"}},"brightbox_firewall_policy":{"version":0,"block":{"attributes":{"description":{"type":"string","description":"Optional description of the policy","description_kind":"plain","optional":true},"id":{"type":"string","description_kind":"plain","optional":true,"computed":true},"name":{"type":"string","description":"Optional name for this policy","description_kind":"plain","optional":true},"server_group":{"type":"string","description":"The server group using this policy","description_kind":"plain","optional":true}},"block_types":{"timeouts":{"nesting_mode":"single","block":{"attributes":{"update":{"type":"string","description_kind":"plain","optional":true}},"description_kind":"plain"}}},"description_kind":"plain"}},"brightbox_firewall_rule":{"version":0,"block":{"attributes":{"description":{"type":"string","description":"User editable label","description_kind":"plain","optional":true},"destination":{"type":"string","description":"Subnet, ServerGroup or ServerID","description_kind":"plain","optional":true},"destination_port":{"type":"string","description":"single port, multiple ports or range separated by '-' or ':'; upto 255 characters example - '80', '80,443,21' or '3000-3999'","description_kind":"plain","optional":true},"firewall_policy":{"type":"string","description":"The firewall policy this rule is linked to","description_kind":"plain","required":true},"icmp_type_name":{"type":"string","description":"ICMP type name. 'echo-request', 'echo-reply'","description_kind":"plain","optional":true},"id":{"type":"string","description_kind":"plain","optional":true,"computed":true},"protocol":{"type":"string","description":"Protocol Number, or one of tcp, udp, icmp","description_kind":"plain","optional":true},"source":{"type":"string","description":"Subnet, ServerGroup or ServerID","description_kind":"plain","optional":true},"source_port":{"type":"string","description":"single port, multiple ports or range separated by '-' or ':'; upto 255 characters example - '80', '80,443,21' or '3000-3999'","description_kind":"plain","optional":true}},"block_types":{"timeouts":{"nesting_mode":"single","block":{"attributes":{"create":{"type":"string","description_kind":"plain","optional":true},"delete":{"type":"string","description_kind":"plain","optional":true}},"description_kind":"plain"}}},"description_kind":"plain"}},"brightbox_load_balancer":{"version":0,"block":{"attributes":{"buffer_size":{"type":"number","description":"Buffer size in bytes","description_kind":"plain","optional":true,"computed":true},"certificate_pem":{"type":"string","description":"A X509 SSL certificate in PEM format","description_kind":"plain","optional":true},"certificate_private_key":{"type":"string","description":"RSA private key used to sign the certificate in PEM format","description_kind":"plain","optional":true},"id":{"type":"string","description_kind":"plain","optional":true,"computed":true},"locked":{"type":"bool","description":"Is true if resource has been set as locked and can not be deleted","description_kind":"plain","optional":true},"name":{"type":"string","description":"Eitable user label","description_kind":"plain","optional":true},"nodes":{"type":["set","string"],"description":"IDs of servers connected to this load balancer","description_kind":"plain","optional":true,"computed":true},"policy":{"type":"string","description":"Method of load balancing. Supports `least-connections`, `round-robin` or `source-address`)","description_kind":"plain","optional":true,"computed":true},"sslv3":{"type":"bool","description":"Allow SSLv3 to be used","description_kind":"plain","optional":true},"status":{"type":"string","description":"Current state of the load balancer","description_kind":"plain","computed":true}},"block_types":{"healthcheck":{"nesting_mode":"list","block":{"attributes":{"interval":{"type":"number","description":"How often to check in milliseconds","description_kind":"plain","optional":true,"computed":true},"port":{"type":"number","description":"Port on server to connect to for healthcheck","description_kind":"plain","required":true},"request":{"type":"string","description":"HTTP path to check if http type healthcheck","description_kind":"plain","optional":true,"computed":true},"threshold_down":{"type":"number","description":"How many checks have to fail before the load balancers considers a server inactive","description_kind":"plain","optional":true,"computed":true},"threshold_up":{"type":"number","description":"How many checks have to pass before the load balancer considers the server active","description_kind":"plain","optional":true,"computed":true},"timeout":{"type":"number","description":"How long to wait for a response before marking the check as a fail","description_kind":"plain","optional":true,"computed":true},"type":{"type":"string","description":"Protocol type to check (tcp/http)","description_kind":"plain","required":true}},"description":"Healthcheck options","description_kind":"plain"},"min_items":1,"max_items":1},"listener":{"nesting_mode":"set","block":{"attributes":{"in":{"type":"number","description":"The port this listener listens on","description_kind":"plain","required":true},"out":{"type":"number","description":"The port on this server the listener should talk to","description_kind":"plain","required":true},"protocol":{"type":"string","description":"The protocol to load balance (http/tcp)","description_kind":"plain","required":true},"timeout":{"type":"number","description":"Connection timeout in milliseconds","description_kind":"plain","optional":true}},"description":"Array of listeners","description_kind":"plain"},"min_items":1},"timeouts":{"nesting_mode":"single","block":{"attributes":{"create":{"type":"string","description_kind":"plain","optional":true},"delete":{"type":"string","description_kind":"plain","optional":true}},"description_kind":"plain"}}},"description_kind":"plain"}},"brightbox_orbit_container":{"version":0,"block":{"attributes":{"bytes_used":{"type":"number","description":"Number of bytes used by the container","description_kind":"plain","computed":true},"container_read":{"type":["set","string"],"description":"Who can read the container","description_kind":"plain","optional":true},"container_sync_key":{"type":"string","description":"Container sync key","description_kind":"plain","optional":true},"container_sync_to":{"type":"string","description":"Container to sync to","description_kind":"plain","optional":true},"container_write":{"type":["set","string"],"description":"Who can write to the container","description_kind":"plain","optional":true},"created_at":{"type":"string","description":"The time the container was created","description_kind":"plain","computed":true},"history_location":{"type":"string","description":"History location","description_kind":"plain","optional":true},"id":{"type":"string","description_kind":"plain","optional":true,"computed":true},"metadata":{"type":["map","string"],"description":"Set of key/value metadata associated with the container","description_kind":"plain","optional":true},"name":{"type":"string","description":"Name of the Container","description_kind":"plain","required":true},"object_count":{"type":"number","description":"Number of objects in the container","description_kind":"plain","computed":true},"storage_policy":{"type":"string","description":"Any storage policy in place","description_kind":"plain","computed":true},"versions_location":{"type":"string","description":"Versions Location","description_kind":"plain","optional":true}},"block_types":{"timeouts":{"nesting_mode":"single","block":{"attributes":{"create":{"type":"string","description_kind":"plain","optional":true},"delete":{"type":"string","description_kind":"plain","optional":true}},"description_kind":"plain"}}},"description_kind":"plain"}},"brightbox_server":{"version":0,"block":{"attributes":{"fqdn":{"type":"string","description":"Fully qualified domain name","description_kind":"plain","computed":true},"hostname":{"type":"string","description":"Short hostname","description_kind":"plain","computed":true},"id":{"type":"string","description_kind":"plain","optional":true,"computed":true},"image":{"type":"string","description":"Image used to create the server","description_kind":"plain","required":true},"interface":{"type":"string","description":"Network Interface connected to this server","description_kind":"plain","computed":true},"ipv4_address":{"type":"string","description":"Public IPv4 address of the interface","description_kind":"plain","computed":true},"ipv4_address_private":{"type":"string","description":"Private IPv4 address of the interface","description_kind":"plain","computed":true},"ipv6_address":{"type":"string","description":"Public IPv6 address of the interface","description_kind":"plain","computed":true},"ipv6_hostname":{"type":"string","description":"Public IPv6 FQDN","description_kind":"plain","computed":true},"locked":{"type":"bool","description":"Is true if resource has been set as locked and cannot be deleted","description_kind":"plain","optional":true},"name":{"type":"string","description":"Editable user label","description_kind":"plain","optional":true},"public_hostname":{"type":"string","description":"Public IPv4 FQDN","description_kind":"plain","computed":true},"server_groups":{"type":["set","string"],"description":"Array of server groups to add server to","description_kind":"plain","required":true},"status":{"type":"string","description":"Current state of server","description_kind":"plain","computed":true},"type":{"type":"string","description":"Server type of the server","description_kind":"plain","optional":true,"computed":true},"user_data":{"type":"string","description":"Data made available to Cloud Init","description_kind":"plain","optional":true},"user_data_base64":{"type":"string","description":"Base64 encoded data made available to Cloud Init","description_kind":"plain","optional":true},"username":{"type":"string","description":"Username to use when logging into a server","description_kind":"plain","computed":true},"zone":{"type":"string","description":"Zone where server is located","description_kind":"plain","optional":true,"computed":true}},"block_types":{"timeouts":{"nesting_mode":"single","block":{"attributes":{"create":{"type":"string","description_kind":"plain","optional":true},"delete":{"type":"string","description_kind":"plain","optional":true}},"description_kind":"plain"}}},"description_kind":"plain"}},"brightbox_server_group":{"version":0,"block":{"attributes":{"default":{"type":"bool","description":"Is this the default group for the account?","description_kind":"plain","computed":true},"description":{"type":"string","description":"USer editable label","description_kind":"plain","optional":true},"fqdn":{"type":"string","description":"Fully Qualified Domain Name","description_kind":"plain","computed":true},"id":{"type":"string","description_kind":"plain","optional":true,"computed":true},"name":{"type":"string","description":"USer editable label","description_kind":"plain","optional":true}},"block_types":{"timeouts":{"nesting_mode":"single","block":{"attributes":{"create":{"type":"string","description_kind":"plain","optional":true},"delete":{"type":"string","description_kind":"plain","optional":true}},"description_kind":"plain"}}},"description_kind":"plain"}}},"data_source_schemas":{"brightbox_database_type":{"version":0,"block":{"attributes":{"description":{"type":"string","description":"Description of this database type","description_kind":"plain","optional":true,"computed":true},"disk_size":{"type":"number","description":"Disk size in megabytes","description_kind":"plain","computed":true},"id":{"type":"string","description_kind":"plain","optional":true,"computed":true},"name":{"type":"string","description":"Name of this database type","description_kind":"plain","optional":true,"computed":true},"ram":{"type":"number","description":"RAM size in megabytes","description_kind":"plain","computed":true}},"description":"Brightbox Cloud SQL Database Type","description_kind":"plain"}},"brightbox_image":{"version":0,"block":{"attributes":{"ancestor_id":{"type":"string","description":"Image this image was derived from","description_kind":"plain","optional":true,"computed":true},"arch":{"type":"string","description":"OS Architecture","description_kind":"plain","optional":true,"computed":true},"compatibility_mode":{"type":"bool","description":"Does this image require a non-virtio VM shell","description_kind":"plain","optional":true,"computed":true},"created_at":{"type":"string","description":"The time this image was created/registered (UTC)","description_kind":"plain","computed":true},"description":{"type":"string","description":"A Description of the image","description_kind":"plain","optional":true,"computed":true},"disk_size":{"type":"number","description":"The actual size of the data within this image in Megabytes","description_kind":"plain","computed":true},"id":{"type":"string","description_kind":"plain","optional":true,"computed":true},"licence_name":{"type":"string","description":"The licence name for this image","description_kind":"plain","optional":true,"computed":true},"locked":{"type":"bool","description":"Is true if the image is set as locked and cannot be deleted","description_kind":"plain","computed":true},"most_recent":{"type":"bool","description":"Select the most recent image","description_kind":"plain","optional":true},"name":{"type":"string","description":"User Label for this image","description_kind":"plain","optional":true,"computed":true},"official":{"type":"bool","description":"Is this image an official Brightbox provided one?","description_kind":"plain","optional":true,"computed":true},"owner":{"type":"string","description":"Account ID this image belongs to","description_kind":"plain","optional":true,"computed":true},"public":{"type":"bool","description":"Is this image available to other customers?","description_kind":"plain","optional":true,"computed":true},"source_type":{"type":"string","description":"Source type for this image (upload or snapshot)","description_kind":"plain","optional":true,"computed":true},"status":{"type":"string","description":"State of the image","description_kind":"plain","optional":true,"computed":true},"username":{"type":"string","description":"Username to use when logging into a server booted with this image","description_kind":"plain","optional":true,"computed":true},"virtual_size":{"type":"number","description":"The virtual size of the disk image container in Megabytes","description_kind":"plain","computed":true}},"description":"Brightbox Image","description_kind":"plain"}},"brightbox_server_group":{"version":0,"block":{"attributes":{"default":{"type":"bool","description":"Is this the default group for the account?","description_kind":"plain","computed":true},"description":{"type":"string","description":"User Description","description_kind":"plain","optional":true,"computed":true},"fqdn":{"type":"string","description":"Fully Qualified Domain Name","description_kind":"plain","computed":true},"id":{"type":"string","description_kind":"plain","optional":true,"computed":true},"name":{"type":"string","description":"User Label","description_kind":"plain","optional":true,"computed":true}},"description":"Brightbox Server Group","description_kind":"plain"}}}}}}
