{"format_version":"0.1","provider_schemas":{"registry.terraform.io/ouest-france/fortiadc":{"provider":{"version":0,"block":{"attributes":{"address":{"type":"string","description":"FortiADC address","description_kind":"plain","required":true},"insecure":{"type":"bool","description":"Disable TLS Verify","description_kind":"plain","optional":true},"password":{"type":"string","description":"FortiADC password","description_kind":"plain","required":true},"user":{"type":"string","description":"FortiADC username","description_kind":"plain","required":true}},"description_kind":"plain"}},"resource_schemas":{"fortiadc_loadbalance_content_rewriting":{"version":0,"block":{"attributes":{"action":{"type":"string","description_kind":"plain","required":true},"action_type":{"type":"string","description_kind":"plain","required":true},"comment":{"type":"string","description_kind":"plain","optional":true},"header_name":{"type":"string","description_kind":"plain","optional":true},"host_match":{"type":"string","description_kind":"plain","optional":true},"id":{"type":"string","description_kind":"plain","optional":true,"computed":true},"location":{"type":"string","description_kind":"plain","optional":true},"name":{"type":"string","description_kind":"plain","required":true},"redirect":{"type":"string","description_kind":"plain","optional":true},"referer_match":{"type":"string","description_kind":"plain","optional":true},"url_match":{"type":"string","description_kind":"plain","optional":true}},"description_kind":"plain"}},"fortiadc_loadbalance_content_rewriting_condition":{"version":0,"block":{"attributes":{"content":{"type":"string","description_kind":"plain","required":true},"content_rewriting":{"type":"string","description_kind":"plain","required":true},"id":{"type":"string","description_kind":"plain","optional":true,"computed":true},"ignore_case":{"type":"bool","description_kind":"plain","optional":true},"object":{"type":"string","description_kind":"plain","required":true},"reverse":{"type":"bool","description_kind":"plain","optional":true},"type":{"type":"string","description_kind":"plain","optional":true}},"description_kind":"plain"}},"fortiadc_loadbalance_content_routing":{"version":0,"block":{"attributes":{"comment":{"type":"string","description_kind":"plain","optional":true},"id":{"type":"string","description_kind":"plain","optional":true,"computed":true},"ipv4":{"type":"string","description_kind":"plain","optional":true},"ipv6":{"type":"string","description_kind":"plain","optional":true},"name":{"type":"string","description_kind":"plain","required":true},"pool":{"type":"string","description_kind":"plain","required":true},"type":{"type":"string","description_kind":"plain","optional":true}},"description_kind":"plain"}},"fortiadc_loadbalance_content_routing_condition":{"version":0,"block":{"attributes":{"content":{"type":"string","description_kind":"plain","required":true},"content_routing":{"type":"string","description_kind":"plain","required":true},"id":{"type":"string","description_kind":"plain","optional":true,"computed":true},"object":{"type":"string","description_kind":"plain","required":true},"reverse":{"type":"bool","description_kind":"plain","optional":true},"type":{"type":"string","description_kind":"plain","required":true}},"description_kind":"plain"}},"fortiadc_loadbalance_pool":{"version":0,"block":{"attributes":{"healtcheck_enable":{"type":"bool","description_kind":"plain","optional":true},"healtcheck_list":{"type":["list","string"],"description_kind":"plain","optional":true},"healtcheck_relationship":{"type":"string","description_kind":"plain","optional":true},"id":{"type":"string","description_kind":"plain","optional":true,"computed":true},"name":{"type":"string","description_kind":"plain","required":true},"pool_type":{"type":"string","description_kind":"plain","optional":true},"real_server_ssl_profile":{"type":"string","description_kind":"plain","optional":true}},"description_kind":"plain"}},"fortiadc_loadbalance_pool_member":{"version":0,"block":{"attributes":{"conn_limit":{"type":"number","description_kind":"plain","optional":true},"conn_rate_limit":{"type":"number","description_kind":"plain","optional":true},"id":{"type":"string","description_kind":"plain","optional":true,"computed":true},"name":{"type":"string","description_kind":"plain","required":true},"pool":{"type":"string","description_kind":"plain","required":true},"port":{"type":"number","description_kind":"plain","required":true},"recover":{"type":"number","description_kind":"plain","optional":true},"status":{"type":"string","description_kind":"plain","optional":true},"warmrate":{"type":"number","description_kind":"plain","optional":true},"warmup":{"type":"number","description_kind":"plain","optional":true},"weight":{"type":"number","description_kind":"plain","optional":true}},"description_kind":"plain"}},"fortiadc_loadbalance_real_server":{"version":0,"block":{"attributes":{"address":{"type":"string","description_kind":"plain","required":true},"address6":{"type":"string","description_kind":"plain","optional":true},"id":{"type":"string","description_kind":"plain","optional":true,"computed":true},"name":{"type":"string","description_kind":"plain","required":true},"status":{"type":"string","description_kind":"plain","optional":true}},"description_kind":"plain"}},"fortiadc_loadbalance_virtual_server":{"version":0,"block":{"attributes":{"address":{"type":"string","description_kind":"plain","required":true},"address_type":{"type":"string","description_kind":"plain","optional":true},"client_ssl_profile":{"type":"string","description_kind":"plain","optional":true},"connection_limit":{"type":"number","description_kind":"plain","optional":true},"connection_rate_limit":{"type":"number","description_kind":"plain","optional":true},"content_rewriting_enable":{"type":"bool","description_kind":"plain","optional":true},"content_rewriting_list":{"type":["list","string"],"description_kind":"plain","optional":true},"content_routing_enable":{"type":"bool","description_kind":"plain","optional":true},"content_routing_list":{"type":["list","string"],"description_kind":"plain","optional":true},"error_msg":{"type":"string","description_kind":"plain","optional":true},"error_page":{"type":"string","description_kind":"plain","optional":true},"http_to_https":{"type":"bool","description_kind":"plain","optional":true},"id":{"type":"string","description_kind":"plain","optional":true,"computed":true},"interface":{"type":"string","description_kind":"plain","optional":true},"method":{"type":"string","description_kind":"plain","optional":true},"name":{"type":"string","description_kind":"plain","required":true},"packet_forward_method":{"type":"string","description_kind":"plain","optional":true},"persistence":{"type":"string","description_kind":"plain","optional":true},"pool":{"type":"string","description_kind":"plain","required":true},"port":{"type":"number","description_kind":"plain","required":true},"profile":{"type":"string","description_kind":"plain","optional":true},"source_pool_list":{"type":["list","string"],"description_kind":"plain","optional":true},"status":{"type":"string","description_kind":"plain","optional":true},"traffic_log":{"type":"bool","description_kind":"plain","optional":true},"type":{"type":"string","description_kind":"plain","optional":true}},"description_kind":"plain"}}}}}}
