{"format_version":"0.1","provider_schemas":{"registry.terraform.io/f5networks/bigip":{"provider":{"version":0,"block":{"attributes":{"address":{"type":"string","description":"Domain name/IP of the BigIP","description_kind":"plain","required":true},"login_ref":{"type":"string","description":"Login reference for token authentication (see BIG-IP REST docs for details)","description_kind":"plain","optional":true},"password":{"type":"string","description":"The user's password","description_kind":"plain","required":true},"port":{"type":"string","description":"Management Port to connect to Bigip","description_kind":"plain","optional":true},"teem_disable":{"type":"bool","description":"If this flag set to true,sending telemetry data to TEEM will be disabled","description_kind":"plain","optional":true},"token_auth":{"type":"bool","description":"Enable to use an external authentication source (LDAP, TACACS, etc)","description_kind":"plain","optional":true},"username":{"type":"string","description":"Username with API access to the BigIP","description_kind":"plain","required":true}},"description_kind":"plain"}},"resource_schemas":{"bigip_as3":{"version":0,"block":{"attributes":{"application_list":{"type":"string","description":"Name of Application","description_kind":"plain","optional":true,"computed":true},"as3_json":{"type":"string","description":"AS3 json","description_kind":"plain","required":true},"id":{"type":"string","description_kind":"plain","optional":true,"computed":true},"tenant_filter":{"type":"string","description":"Name of Tenant","description_kind":"plain","optional":true},"tenant_list":{"type":"string","description":"Name of Tenant","description_kind":"plain","optional":true,"computed":true},"tenant_name":{"type":"string","description":"Name of Tenant","description_kind":"plain","optional":true}},"description_kind":"plain"}},"bigip_bigiq_as3":{"version":0,"block":{"attributes":{"as3_json":{"type":"string","description":"AS3 json","description_kind":"plain","required":true},"bigiq_address":{"type":"string","description":"The registration key pool to use","description_kind":"plain","required":true},"bigiq_login_ref":{"type":"string","description":"Login reference for token authentication (see BIG-IQ REST docs for details)","description_kind":"plain","optional":true,"sensitive":true},"bigiq_password":{"type":"string","description":"The registration key pool to use","description_kind":"plain","required":true,"sensitive":true},"bigiq_port":{"type":"string","description":"The registration key pool to use","description_kind":"plain","optional":true,"sensitive":true},"bigiq_token_auth":{"type":"bool","description":"Enable to use an external authentication source (LDAP, TACACS, etc)","description_kind":"plain","optional":true,"sensitive":true},"bigiq_user":{"type":"string","description":"The registration key pool to use","description_kind":"plain","required":true,"sensitive":true},"id":{"type":"string","description_kind":"plain","optional":true,"computed":true},"tenant_list":{"type":"string","description":"Name of Tenant","description_kind":"plain","optional":true,"computed":true}},"description_kind":"plain"}},"bigip_cm_device":{"version":0,"block":{"attributes":{"configsync_ip":{"type":"string","description":"IP address used for config sync","description_kind":"plain","required":true},"id":{"type":"string","description_kind":"plain","optional":true,"computed":true},"mirror_ip":{"type":"string","description":"IP address used for state mirroring","description_kind":"plain","optional":true},"mirror_secondary_ip":{"type":"string","description":"Secondary IP address used for state mirroring","description_kind":"plain","optional":true},"name":{"type":"string","description":"Address of the Device which needs to be Deviceensed","description_kind":"plain","required":true}},"description_kind":"plain"}},"bigip_cm_devicegroup":{"version":0,"block":{"attributes":{"auto_sync":{"type":"string","description":"Specifies if the device-group will automatically sync configuration data to its members","description_kind":"plain","optional":true},"description":{"type":"string","description":"Description of Device group","description_kind":"plain","optional":true},"full_load_on_sync":{"type":"string","description":"Specifies if the device-group will perform a full-load upon sync","description_kind":"plain","optional":true},"id":{"type":"string","description_kind":"plain","optional":true,"computed":true},"incremental_config":{"type":"number","description":"Specifies the maximum size (in KB) to devote to incremental config sync cached transactions. The default is 1024 KB.","description_kind":"plain","optional":true},"name":{"type":"string","description":"Name of the Device group","description_kind":"plain","optional":true},"network_failover":{"type":"string","description":"Specifies if the device-group will use a network connection for failover","description_kind":"plain","optional":true},"partition":{"type":"string","description":"Device administrative partition","description_kind":"plain","optional":true},"save_on_auto_sync":{"type":"string","description":"Specifies whether the configuration should be saved upon auto-sync.","description_kind":"plain","optional":true},"type":{"type":"string","description":"Specifies if the device-group will be used for failover or resource syncing","description_kind":"plain","optional":true}},"block_types":{"device":{"nesting_mode":"list","block":{"attributes":{"name":{"type":"string","description":"Name of origin","description_kind":"plain","optional":true},"set_sync_leader":{"type":"bool","description":"Name of origin","description_kind":"plain","optional":true}},"description_kind":"plain"}}},"description_kind":"plain"}},"bigip_command":{"version":0,"block":{"attributes":{"command_result":{"type":["list","string"],"description":"Partition of ssl certificate","description_kind":"plain","optional":true,"computed":true},"commands":{"type":["list","string"],"description":"The commands to send to the remote BIG-IP device over the configured provider","description_kind":"plain","required":true},"id":{"type":"string","description_kind":"plain","optional":true,"computed":true},"when":{"type":"string","description_kind":"plain","optional":true}},"description_kind":"plain"}},"bigip_common_license_manage_bigiq":{"version":0,"block":{"attributes":{"assignment_type":{"type":"string","description":"Whether the specified device is a managed/un-managed/un-reachable device ","description_kind":"plain","required":true},"bigiq_address":{"type":"string","description":"The registration key pool to use","description_kind":"plain","required":true},"bigiq_login_ref":{"type":"string","description":"Login reference for token authentication (see BIG-IQ REST docs for details)","description_kind":"plain","optional":true,"sensitive":true},"bigiq_password":{"type":"string","description":"The registration key pool to use","description_kind":"plain","required":true,"sensitive":true},"bigiq_port":{"type":"string","description":"The registration key pool to use","description_kind":"plain","optional":true,"sensitive":true},"bigiq_token_auth":{"type":"bool","description":"Enable to use an external authentication source (LDAP, TACACS, etc)","description_kind":"plain","optional":true,"sensitive":true},"bigiq_user":{"type":"string","description":"The registration key pool to use","description_kind":"plain","required":true,"sensitive":true},"device_license_status":{"type":"string","description":"Status of Licence Assignment","description_kind":"plain","optional":true,"computed":true},"hypervisor":{"type":"string","description":"Aws/Azure","description_kind":"plain","optional":true},"id":{"type":"string","description_kind":"plain","optional":true,"computed":true},"key":{"type":"string","description":"The registration key that you want to assign from the pool","description_kind":"plain","optional":true},"license_poolname":{"type":"string","description":"The registration key pool to use","description_kind":"plain","required":true},"mac_address":{"type":"string","description":"Sets the rate at which this license usage is billed","description_kind":"plain","optional":true},"skukeyword1":{"type":"string","description":"Sets the rate at which this license usage is billed","description_kind":"plain","optional":true},"skukeyword2":{"type":"string","description":"Sets the rate at which this license usage is billed","description_kind":"plain","optional":true},"tenant":{"type":"string","description":"optional description for the assignment in this field","description_kind":"plain","optional":true},"unit_of_measure":{"type":"string","description":"Sets the rate at which this license usage is billed","description_kind":"plain","optional":true}},"description_kind":"plain"}},"bigip_do":{"version":0,"block":{"attributes":{"do_json":{"type":"string","description":"DO json","description_kind":"plain","required":true},"id":{"type":"string","description_kind":"plain","optional":true,"computed":true},"tenant_name":{"type":"string","description":"unique identifier for DO resource","description_kind":"plain","optional":true},"timeout":{"type":"number","description":"DO json","description_kind":"plain","optional":true}},"description_kind":"plain"}},"bigip_ltm_datagroup":{"version":0,"block":{"attributes":{"id":{"type":"string","description_kind":"plain","optional":true,"computed":true},"name":{"type":"string","description":"Name of the Data Group List","description_kind":"plain","required":true},"type":{"type":"string","description":"The Data Group type (string, ip, integer)","description_kind":"plain","required":true}},"block_types":{"record":{"nesting_mode":"set","block":{"attributes":{"data":{"type":"string","description_kind":"plain","optional":true},"name":{"type":"string","description_kind":"plain","required":true}},"description_kind":"plain"}}},"description_kind":"plain"}},"bigip_ltm_irule":{"version":0,"block":{"attributes":{"id":{"type":"string","description_kind":"plain","optional":true,"computed":true},"irule":{"type":"string","description":"The iRule body","description_kind":"plain","required":true},"name":{"type":"string","description":"Name of the iRule","description_kind":"plain","required":true}},"description_kind":"plain"}},"bigip_ltm_monitor":{"version":0,"block":{"attributes":{"adaptive":{"type":"string","description":"ftp adaptive","description_kind":"plain","optional":true,"computed":true},"adaptive_limit":{"type":"number","description":"Integer value","description_kind":"plain","optional":true,"computed":true},"compatibility":{"type":"string","description":"Specifies, when enabled, that the SSL options setting (in OpenSSL) is set to ALL. The default value is enabled.","description_kind":"plain","optional":true,"computed":true},"database":{"type":"string","description":"the database in which your user is created","description_kind":"plain","optional":true},"defaults_from":{"type":"string","description":"Existing monitor to inherit from. Must be one of /Common/http, /Common/https, /Common/icmp or /Common/gateway-icmp.","description_kind":"plain","optional":true},"destination":{"type":"string","description":"Alias for the destination","description_kind":"plain","optional":true,"computed":true},"filename":{"type":"string","description":"Specifies the full path and file name of the file that the system attempts to download. The health check is successful if the system can download the file.","description_kind":"plain","optional":true},"id":{"type":"string","description_kind":"plain","optional":true,"computed":true},"interval":{"type":"number","description":"Check interval in seconds","description_kind":"plain","optional":true,"computed":true},"ip_dscp":{"type":"number","description_kind":"plain","optional":true,"computed":true},"manual_resume":{"type":"string","description_kind":"plain","optional":true,"computed":true},"mode":{"type":"string","description":"Specifies the data transfer process (DTP) mode. The default value is passive.","description_kind":"plain","optional":true,"computed":true},"name":{"type":"string","description":"Name of the monitor","description_kind":"plain","required":true},"parent":{"type":"string","description":"Existing monitor to inherit from. Must be one of /Common/http, /Common/https, /Common/icmp or /Common/gateway-icmp.","description_kind":"plain","required":true},"password":{"type":"string","description":"Specifies the password if the monitored target requires authentication","description_kind":"plain","optional":true,"sensitive":true},"receive":{"type":"string","description":"Expected response string.","description_kind":"plain","optional":true},"receive_disable":{"type":"string","description":"Expected response string.","description_kind":"plain","optional":true},"reverse":{"type":"string","description_kind":"plain","optional":true,"computed":true},"send":{"type":"string","description":"Request string to send.","description_kind":"plain","optional":true},"time_until_up":{"type":"number","description":"Time in seconds","description_kind":"plain","optional":true,"computed":true},"timeout":{"type":"number","description":"Timeout in seconds","description_kind":"plain","optional":true,"computed":true},"transparent":{"type":"string","description_kind":"plain","optional":true,"computed":true},"username":{"type":"string","description":"Specifies the user name if the monitored target requires authentication","description_kind":"plain","optional":true}},"description_kind":"plain"}},"bigip_ltm_node":{"version":0,"block":{"attributes":{"address":{"type":"string","description":"Address of the node","description_kind":"plain","required":true},"connection_limit":{"type":"number","description":"Specifies the maximum number of connections allowed for the node or node address.","description_kind":"plain","optional":true,"computed":true},"description":{"type":"string","description_kind":"plain","optional":true},"dynamic_ratio":{"type":"number","description":"Sets the dynamic ratio number for the node. Used for dynamic ratio load balancing. ","description_kind":"plain","optional":true,"computed":true},"id":{"type":"string","description_kind":"plain","optional":true,"computed":true},"monitor":{"type":"string","description":"Specifies the name of the monitor or monitor rule that you want to associate with the node.","description_kind":"plain","optional":true},"name":{"type":"string","description":"Name of the node","description_kind":"plain","required":true},"rate_limit":{"type":"string","description":"Specifies the maximum number of connections per second allowed for a node or node address. The default value is 'disabled'.","description_kind":"plain","optional":true,"computed":true},"ratio":{"type":"number","description":"Sets the ratio number for the node.","description_kind":"plain","optional":true,"computed":true},"state":{"type":"string","description":"Marks the node up or down. The default value is user-up.","description_kind":"plain","optional":true}},"block_types":{"fqdn":{"nesting_mode":"list","block":{"attributes":{"address_family":{"type":"string","description":"Specifies the node's address family. The default is 'unspecified', or IP-agnostic","description_kind":"plain","optional":true},"autopopulate":{"type":"string","description":"Specifies whether the node should scale to the IP address set returned by DNS.","description_kind":"plain","optional":true,"computed":true},"downinterval":{"type":"number","description":"Specifies the number of attempts to resolve a domain name. The default is 5.","description_kind":"plain","optional":true,"computed":true},"interval":{"type":"string","description":"Specifies the amount of time before sending the next DNS query.","description_kind":"plain","optional":true,"computed":true},"name":{"type":"string","description":"Specifies the fully qualified domain name of the node.","description_kind":"plain","optional":true}},"description_kind":"plain"},"max_items":1}},"description_kind":"plain"}},"bigip_ltm_persistence_profile_cookie":{"version":0,"block":{"attributes":{"always_send":{"type":"string","description":"To enable _ disable always sending cookies","description_kind":"plain","optional":true},"app_service":{"type":"string","description_kind":"plain","optional":true},"cookie_encryption":{"type":"string","description":"To required, preferred, or disabled policy for cookie encryption","description_kind":"plain","optional":true},"cookie_encryption_passphrase":{"type":"string","description":"Passphrase for encrypted cookies","description_kind":"plain","optional":true},"cookie_name":{"type":"string","description":"Name of the cookie to track persistence","description_kind":"plain","optional":true},"defaults_from":{"type":"string","description":"Inherit defaults from parent profile","description_kind":"plain","required":true},"expiration":{"type":"string","description":"Expiration TTL for cookie specified in D:H:M:S or in seconds","description_kind":"plain","optional":true},"hash_length":{"type":"number","description":"Length of hash to apply to cookie","description_kind":"plain","optional":true},"hash_offset":{"type":"number","description":"Number of characters to skip in the cookie for the hash","description_kind":"plain","optional":true},"httponly":{"type":"string","description":"To enable _ disable sending only over http","description_kind":"plain","optional":true},"id":{"type":"string","description_kind":"plain","optional":true,"computed":true},"match_across_pools":{"type":"string","description":"To enable _ disable match across pools with given persistence record","description_kind":"plain","optional":true},"match_across_services":{"type":"string","description":"To enable _ disable match across services with given persistence record","description_kind":"plain","optional":true},"match_across_virtuals":{"type":"string","description":"To enable _ disable match across virtual servers with given persistence record","description_kind":"plain","optional":true},"mirror":{"type":"string","description":"To enable _ disable","description_kind":"plain","optional":true},"name":{"type":"string","description":"Name of the persistence profile","description_kind":"plain","required":true},"override_conn_limit":{"type":"string","description":"To enable _ disable that pool member connection limits are overridden for persisted clients. Per-virtual connection limits remain hard limits and are not overridden.","description_kind":"plain","optional":true},"timeout":{"type":"number","description":"Timeout for persistence of the session","description_kind":"plain","optional":true}},"description_kind":"plain"}},"bigip_ltm_persistence_profile_dstaddr":{"version":0,"block":{"attributes":{"app_service":{"type":"string","description_kind":"plain","optional":true},"defaults_from":{"type":"string","description":"Inherit defaults from parent profile","description_kind":"plain","required":true},"hash_algorithm":{"type":"string","description":"Specify the hash algorithm","description_kind":"plain","optional":true},"id":{"type":"string","description_kind":"plain","optional":true,"computed":true},"mask":{"type":"string","description":"Identify a range of source IP addresses to manage together as a single source address affinity persistent connection when connecting to the pool. Must be a valid IPv4 or IPv6 mask.","description_kind":"plain","optional":true},"match_across_pools":{"type":"string","description":"To enable _ disable match across pools with given persistence record","description_kind":"plain","optional":true},"match_across_services":{"type":"string","description":"To enable _ disable match across services with given persistence record","description_kind":"plain","optional":true},"match_across_virtuals":{"type":"string","description":"To enable _ disable match across services with given persistence record","description_kind":"plain","optional":true},"mirror":{"type":"string","description":"To enable _ disable","description_kind":"plain","optional":true},"name":{"type":"string","description":"Name of the persistence profile","description_kind":"plain","required":true},"override_conn_limit":{"type":"string","description":"To enable _ disable that pool member connection limits are overridden for persisted clients. Per-virtual connection limits remain hard limits and are not overridden.","description_kind":"plain","optional":true},"timeout":{"type":"number","description":"Timeout for persistence of the session","description_kind":"plain","optional":true}},"description_kind":"plain"}},"bigip_ltm_persistence_profile_srcaddr":{"version":0,"block":{"attributes":{"app_service":{"type":"string","description_kind":"plain","optional":true},"defaults_from":{"type":"string","description":"Inherit defaults from parent profile","description_kind":"plain","required":true},"hash_algorithm":{"type":"string","description":"Specify the hash algorithm","description_kind":"plain","optional":true},"id":{"type":"string","description_kind":"plain","optional":true,"computed":true},"map_proxies":{"type":"string","description":"To enable _ disable directs all to the same single pool member","description_kind":"plain","optional":true},"mask":{"type":"string","description":"Identify a range of source IP addresses to manage together as a single source address affinity persistent connection when connecting to the pool. Must be a valid IPv4 or IPv6 mask.","description_kind":"plain","optional":true},"match_across_pools":{"type":"string","description":"To enable _ disable match across pools with given persistence record","description_kind":"plain","optional":true},"match_across_services":{"type":"string","description":"To enable _ disable match across services with given persistence record","description_kind":"plain","optional":true},"match_across_virtuals":{"type":"string","description":"To enable _ disable match across services with given persistence record","description_kind":"plain","optional":true},"mirror":{"type":"string","description":"To enable _ disable","description_kind":"plain","optional":true},"name":{"type":"string","description":"Name of the persistence profile","description_kind":"plain","required":true},"override_conn_limit":{"type":"string","description":"To enable _ disable that pool member connection limits are overridden for persisted clients. Per-virtual connection limits remain hard limits and are not overridden.","description_kind":"plain","optional":true},"timeout":{"type":"number","description":"Timeout for persistence of the session","description_kind":"plain","optional":true}},"description_kind":"plain"}},"bigip_ltm_persistence_profile_ssl":{"version":0,"block":{"attributes":{"app_service":{"type":"string","description_kind":"plain","optional":true},"defaults_from":{"type":"string","description":"Inherit defaults from parent profile","description_kind":"plain","required":true},"id":{"type":"string","description_kind":"plain","optional":true,"computed":true},"match_across_pools":{"type":"string","description":"To enable _ disable match across pools with given persistence record","description_kind":"plain","optional":true},"match_across_services":{"type":"string","description":"To enable _ disable match across services with given persistence record","description_kind":"plain","optional":true},"match_across_virtuals":{"type":"string","description":"To enable _ disable match across services with given persistence record","description_kind":"plain","optional":true},"mirror":{"type":"string","description":"To enable _ disable","description_kind":"plain","optional":true},"name":{"type":"string","description":"Name of the persistence profile","description_kind":"plain","required":true},"override_conn_limit":{"type":"string","description":"To enable _ disable that pool member connection limits are overridden for persisted clients. Per-virtual connection limits remain hard limits and are not overridden.","description_kind":"plain","optional":true},"timeout":{"type":"number","description":"Timeout for persistence of the session","description_kind":"plain","optional":true}},"description_kind":"plain"}},"bigip_ltm_policy":{"version":0,"block":{"attributes":{"controls":{"type":["set","string"],"description_kind":"plain","optional":true},"id":{"type":"string","description_kind":"plain","optional":true,"computed":true},"name":{"type":"string","description":"Name of the Policy","description_kind":"plain","required":true},"published_copy":{"type":"string","description":"Publish the Policy","description_kind":"plain","optional":true},"requires":{"type":["set","string"],"description_kind":"plain","optional":true},"strategy":{"type":"string","description":"Policy Strategy (i.e. /Common/first-match)","description_kind":"plain","optional":true}},"block_types":{"rule":{"nesting_mode":"list","block":{"attributes":{"name":{"type":"string","description":"Rule name","description_kind":"plain","required":true}},"block_types":{"action":{"nesting_mode":"list","block":{"attributes":{"app_service":{"type":"string","description_kind":"plain","optional":true,"computed":true},"application":{"type":"string","description_kind":"plain","optional":true,"computed":true},"asm":{"type":"bool","description_kind":"plain","optional":true,"computed":true},"avr":{"type":"bool","description_kind":"plain","optional":true,"computed":true},"cache":{"type":"bool","description_kind":"plain","optional":true,"computed":true},"carp":{"type":"bool","description_kind":"plain","optional":true,"computed":true},"category":{"type":"string","description_kind":"plain","optional":true,"computed":true},"classify":{"type":"bool","description_kind":"plain","optional":true,"computed":true},"clone_pool":{"type":"string","description_kind":"plain","optional":true,"computed":true},"code":{"type":"number","description_kind":"plain","optional":true,"computed":true},"compress":{"type":"bool","description_kind":"plain","optional":true,"computed":true},"content":{"type":"string","description_kind":"plain","optional":true,"computed":true},"cookie_hash":{"type":"bool","description_kind":"plain","optional":true,"computed":true},"cookie_insert":{"type":"bool","description_kind":"plain","optional":true,"computed":true},"cookie_passive":{"type":"bool","description_kind":"plain","optional":true,"computed":true},"cookie_rewrite":{"type":"bool","description_kind":"plain","optional":true,"computed":true},"decompress":{"type":"bool","description_kind":"plain","optional":true,"computed":true},"defer":{"type":"bool","description_kind":"plain","optional":true,"computed":true},"destination_address":{"type":"bool","description_kind":"plain","optional":true,"computed":true},"disable":{"type":"bool","description_kind":"plain","optional":true,"computed":true},"domain":{"type":"string","description_kind":"plain","optional":true,"computed":true},"enable":{"type":"bool","description_kind":"plain","optional":true,"computed":true},"expiry":{"type":"string","description_kind":"plain","optional":true,"computed":true},"expiry_secs":{"type":"number","description_kind":"plain","optional":true,"computed":true},"expression":{"type":"string","description_kind":"plain","optional":true,"computed":true},"extension":{"type":"string","description_kind":"plain","optional":true,"computed":true},"facility":{"type":"string","description_kind":"plain","optional":true,"computed":true},"forward":{"type":"bool","description_kind":"plain","optional":true,"computed":true},"from_profile":{"type":"string","description_kind":"plain","optional":true,"computed":true},"hash":{"type":"bool","description_kind":"plain","optional":true,"computed":true},"host":{"type":"string","description_kind":"plain","optional":true,"computed":true},"http":{"type":"bool","description_kind":"plain","optional":true,"computed":true},"http_basic_auth":{"type":"bool","description_kind":"plain","optional":true,"computed":true},"http_cookie":{"type":"bool","description_kind":"plain","optional":true,"computed":true},"http_header":{"type":"bool","description_kind":"plain","optional":true,"computed":true},"http_host":{"type":"bool","description_kind":"plain","optional":true},"http_referer":{"type":"bool","description_kind":"plain","optional":true,"computed":true},"http_reply":{"type":"bool","description_kind":"plain","optional":true,"computed":true},"http_set_cookie":{"type":"bool","description_kind":"plain","optional":true,"computed":true},"http_uri":{"type":"bool","description_kind":"plain","optional":true,"computed":true},"ifile":{"type":"string","description_kind":"plain","optional":true,"computed":true},"insert":{"type":"bool","description_kind":"plain","optional":true,"computed":true},"internal_virtual":{"type":"string","description_kind":"plain","optional":true,"computed":true},"ip_address":{"type":"string","description_kind":"plain","optional":true,"computed":true},"key":{"type":"string","description_kind":"plain","optional":true,"computed":true},"l7dos":{"type":"bool","description_kind":"plain","optional":true,"computed":true},"length":{"type":"number","description_kind":"plain","optional":true,"computed":true},"location":{"type":"string","description_kind":"plain","optional":true,"computed":true},"log":{"type":"bool","description_kind":"plain","optional":true,"computed":true},"ltm_policy":{"type":"bool","description_kind":"plain","optional":true,"computed":true},"member":{"type":"string","description_kind":"plain","optional":true,"computed":true},"message":{"type":"string","description_kind":"plain","optional":true,"computed":true},"netmask":{"type":"string","description_kind":"plain","optional":true,"computed":true},"nexthop":{"type":"string","description_kind":"plain","optional":true,"computed":true},"node":{"type":"string","description_kind":"plain","optional":true,"computed":true},"offset":{"type":"number","description_kind":"plain","optional":true,"computed":true},"path":{"type":"string","description_kind":"plain","optional":true,"computed":true},"pem":{"type":"bool","description_kind":"plain","optional":true,"computed":true},"persist":{"type":"bool","description_kind":"plain","optional":true,"computed":true},"pin":{"type":"bool","description_kind":"plain","optional":true,"computed":true},"policy":{"type":"string","description_kind":"plain","optional":true,"computed":true},"pool":{"type":"string","description_kind":"plain","optional":true,"computed":true},"port":{"type":"number","description_kind":"plain","optional":true,"computed":true},"priority":{"type":"string","description_kind":"plain","optional":true,"computed":true},"profile":{"type":"string","description_kind":"plain","optional":true,"computed":true},"protocol":{"type":"string","description_kind":"plain","optional":true,"computed":true},"query_string":{"type":"string","description_kind":"plain","optional":true,"computed":true},"rateclass":{"type":"string","description_kind":"plain","optional":true,"computed":true},"redirect":{"type":"bool","description_kind":"plain","optional":true,"computed":true},"remove":{"type":"bool","description_kind":"plain","optional":true,"computed":true},"replace":{"type":"bool","description_kind":"plain","optional":true,"computed":true},"request":{"type":"bool","description_kind":"plain","optional":true,"computed":true},"request_adapt":{"type":"bool","description_kind":"plain","optional":true,"computed":true},"reset":{"type":"bool","description_kind":"plain","optional":true,"computed":true},"response":{"type":"bool","description_kind":"plain","optional":true,"computed":true},"response_adapt":{"type":"bool","description_kind":"plain","optional":true,"computed":true},"scheme":{"type":"string","description_kind":"plain","optional":true,"computed":true},"script":{"type":"string","description_kind":"plain","optional":true,"computed":true},"select":{"type":"bool","description_kind":"plain","optional":true,"computed":true},"server_ssl":{"type":"bool","description_kind":"plain","optional":true,"computed":true},"set_variable":{"type":"bool","description_kind":"plain","optional":true,"computed":true},"snat":{"type":"string","description_kind":"plain","optional":true,"computed":true},"snatpool":{"type":"string","description_kind":"plain","optional":true,"computed":true},"source_address":{"type":"bool","description_kind":"plain","optional":true,"computed":true},"ssl_client_hello":{"type":"bool","description_kind":"plain","optional":true,"computed":true},"ssl_server_handshake":{"type":"bool","description_kind":"plain","optional":true,"computed":true},"ssl_server_hello":{"type":"bool","description_kind":"plain","optional":true,"computed":true},"ssl_session_id":{"type":"bool","description_kind":"plain","optional":true,"computed":true},"status":{"type":"number","description_kind":"plain","optional":true,"computed":true},"tcl":{"type":"bool","description_kind":"plain","optional":true,"computed":true},"tcp_nagle":{"type":"bool","description_kind":"plain","optional":true,"computed":true},"text":{"type":"string","description_kind":"plain","optional":true,"computed":true},"timeout":{"type":"number","description_kind":"plain","optional":true,"computed":true},"tm_name":{"type":"string","description_kind":"plain","optional":true,"computed":true},"uie":{"type":"bool","description_kind":"plain","optional":true,"computed":true},"universal":{"type":"bool","description_kind":"plain","optional":true,"computed":true},"value":{"type":"string","description_kind":"plain","optional":true,"computed":true},"virtual":{"type":"string","description_kind":"plain","optional":true,"computed":true},"vlan":{"type":"string","description_kind":"plain","optional":true,"computed":true},"vlan_id":{"type":"number","description_kind":"plain","optional":true,"computed":true},"wam":{"type":"bool","description_kind":"plain","optional":true,"computed":true},"write":{"type":"bool","description_kind":"plain","optional":true,"computed":true}},"description_kind":"plain"}},"condition":{"nesting_mode":"list","block":{"attributes":{"address":{"type":"bool","description_kind":"plain","optional":true,"computed":true},"all":{"type":"bool","description_kind":"plain","optional":true,"computed":true},"app_service":{"type":"string","description_kind":"plain","optional":true,"computed":true},"browser_type":{"type":"bool","description_kind":"plain","optional":true,"computed":true},"browser_version":{"type":"bool","description_kind":"plain","optional":true,"computed":true},"case_insensitive":{"type":"bool","description_kind":"plain","optional":true,"computed":true},"case_sensitive":{"type":"bool","description_kind":"plain","optional":true,"computed":true},"cipher":{"type":"bool","description_kind":"plain","optional":true,"computed":true},"cipher_bits":{"type":"bool","description_kind":"plain","optional":true,"computed":true},"client_ssl":{"type":"bool","description_kind":"plain","optional":true,"computed":true},"code":{"type":"bool","description_kind":"plain","optional":true,"computed":true},"common_name":{"type":"bool","description_kind":"plain","optional":true,"computed":true},"contains":{"type":"bool","description_kind":"plain","optional":true,"computed":true},"continent":{"type":"bool","description_kind":"plain","optional":true,"computed":true},"country_code":{"type":"bool","description_kind":"plain","optional":true,"computed":true},"country_name":{"type":"bool","description_kind":"plain","optional":true,"computed":true},"cpu_usage":{"type":"bool","description_kind":"plain","optional":true,"computed":true},"device_make":{"type":"bool","description_kind":"plain","optional":true,"computed":true},"device_model":{"type":"bool","description_kind":"plain","optional":true,"computed":true},"domain":{"type":"bool","description_kind":"plain","optional":true,"computed":true},"ends_with":{"type":"bool","description_kind":"plain","optional":true,"computed":true},"equals":{"type":"bool","description_kind":"plain","optional":true,"computed":true},"expiry":{"type":"bool","description_kind":"plain","optional":true,"computed":true},"extension":{"type":"bool","description_kind":"plain","optional":true,"computed":true},"external":{"type":"bool","description_kind":"plain","optional":true,"computed":true},"geoip":{"type":"bool","description_kind":"plain","optional":true,"computed":true},"greater":{"type":"bool","description_kind":"plain","optional":true,"computed":true},"greater_or_equal":{"type":"bool","description_kind":"plain","optional":true,"computed":true},"host":{"type":"bool","description_kind":"plain","optional":true,"computed":true},"http_basic_auth":{"type":"bool","description_kind":"plain","optional":true,"computed":true},"http_cookie":{"type":"bool","description_kind":"plain","optional":true,"computed":true},"http_header":{"type":"bool","description_kind":"plain","optional":true,"computed":true},"http_host":{"type":"bool","description_kind":"plain","optional":true,"computed":true},"http_method":{"type":"bool","description_kind":"plain","optional":true,"computed":true},"http_referer":{"type":"bool","description_kind":"plain","optional":true,"computed":true},"http_set_cookie":{"type":"bool","description_kind":"plain","optional":true,"computed":true},"http_status":{"type":"bool","description_kind":"plain","optional":true,"computed":true},"http_uri":{"type":"bool","description_kind":"plain","optional":true,"computed":true},"http_user_agent":{"type":"bool","description_kind":"plain","optional":true,"computed":true},"http_version":{"type":"bool","description_kind":"plain","optional":true,"computed":true},"index":{"type":"number","description_kind":"plain","optional":true,"computed":true},"internal":{"type":"bool","description_kind":"plain","optional":true,"computed":true},"isp":{"type":"bool","description_kind":"plain","optional":true,"computed":true},"last_15secs":{"type":"bool","description_kind":"plain","optional":true,"computed":true},"last_1min":{"type":"bool","description_kind":"plain","optional":true,"computed":true},"last_5mins":{"type":"bool","description_kind":"plain","optional":true,"computed":true},"less":{"type":"bool","description_kind":"plain","optional":true,"computed":true},"less_or_equal":{"type":"bool","description_kind":"plain","optional":true,"computed":true},"local":{"type":"bool","description_kind":"plain","optional":true,"computed":true},"major":{"type":"bool","description_kind":"plain","optional":true,"computed":true},"matches":{"type":"bool","description_kind":"plain","optional":true,"computed":true},"minor":{"type":"bool","description_kind":"plain","optional":true,"computed":true},"missing":{"type":"bool","description_kind":"plain","optional":true,"computed":true},"mss":{"type":"bool","description_kind":"plain","optional":true,"computed":true},"not":{"type":"bool","description_kind":"plain","optional":true,"computed":true},"org":{"type":"bool","description_kind":"plain","optional":true,"computed":true},"password":{"type":"bool","description_kind":"plain","optional":true,"computed":true},"path":{"type":"bool","description_kind":"plain","optional":true,"computed":true},"path_segment":{"type":"bool","description_kind":"plain","optional":true,"computed":true},"port":{"type":"bool","description_kind":"plain","optional":true,"computed":true},"present":{"type":"bool","description_kind":"plain","optional":true,"computed":true},"protocol":{"type":"bool","description_kind":"plain","optional":true,"computed":true},"query_parameter":{"type":"bool","description_kind":"plain","optional":true,"computed":true},"query_string":{"type":"bool","description_kind":"plain","optional":true,"computed":true},"region_code":{"type":"bool","description_kind":"plain","optional":true,"computed":true},"region_name":{"type":"bool","description_kind":"plain","optional":true,"computed":true},"remote":{"type":"bool","description_kind":"plain","optional":true,"computed":true},"request":{"type":"bool","description_kind":"plain","optional":true,"computed":true},"response":{"type":"bool","description_kind":"plain","optional":true,"computed":true},"route_domain":{"type":"bool","description_kind":"plain","optional":true,"computed":true},"rtt":{"type":"bool","description_kind":"plain","optional":true,"computed":true},"scheme":{"type":"bool","description_kind":"plain","optional":true,"computed":true},"server_name":{"type":"bool","description_kind":"plain","optional":true,"computed":true},"ssl_cert":{"type":"bool","description_kind":"plain","optional":true,"computed":true},"ssl_client_hello":{"type":"bool","description_kind":"plain","optional":true,"computed":true},"ssl_extension":{"type":"bool","description_kind":"plain","optional":true,"computed":true},"ssl_server_handshake":{"type":"bool","description_kind":"plain","optional":true,"computed":true},"ssl_server_hello":{"type":"bool","description_kind":"plain","optional":true,"computed":true},"starts_with":{"type":"bool","description_kind":"plain","optional":true,"computed":true},"tcp":{"type":"bool","description_kind":"plain","optional":true,"computed":true},"text":{"type":"bool","description_kind":"plain","optional":true,"computed":true},"tm_name":{"type":"string","description_kind":"plain","optional":true,"computed":true},"unnamed_query_parameter":{"type":"bool","description_kind":"plain","optional":true,"computed":true},"user_agent_token":{"type":"bool","description_kind":"plain","optional":true,"computed":true},"username":{"type":"bool","description_kind":"plain","optional":true,"computed":true},"value":{"type":"bool","description_kind":"plain","optional":true,"computed":true},"values":{"type":["list","string"],"description_kind":"plain","optional":true,"computed":true},"version":{"type":"bool","description_kind":"plain","optional":true,"computed":true},"vlan":{"type":"bool","description_kind":"plain","optional":true,"computed":true},"vlan_id":{"type":"bool","description_kind":"plain","optional":true,"computed":true}},"description_kind":"plain"}}},"description_kind":"plain"}}},"description_kind":"plain"}},"bigip_ltm_pool":{"version":0,"block":{"attributes":{"allow_nat":{"type":"string","description":"Allow NAT","description_kind":"plain","optional":true,"computed":true},"allow_snat":{"type":"string","description":"Allow SNAT","description_kind":"plain","optional":true,"computed":true},"description":{"type":"string","description_kind":"plain","optional":true},"id":{"type":"string","description_kind":"plain","optional":true,"computed":true},"load_balancing_mode":{"type":"string","description":"Possible values: round-robin, ...","description_kind":"plain","optional":true,"computed":true},"monitors":{"type":["set","string"],"description":"Assign monitors to a pool.","description_kind":"plain","optional":true,"computed":true},"name":{"type":"string","description":"Name of the pool","description_kind":"plain","required":true},"reselect_tries":{"type":"number","description":"Number of times the system tries to select a new pool member after a failure.","description_kind":"plain","optional":true,"computed":true},"service_down_action":{"type":"string","description":"Possible values: none, reset, reselect, drop","description_kind":"plain","optional":true,"computed":true},"slow_ramp_time":{"type":"number","description":"Slow ramp time for pool members","description_kind":"plain","optional":true,"computed":true}},"description_kind":"plain"}},"bigip_ltm_pool_attachment":{"version":0,"block":{"attributes":{"id":{"type":"string","description_kind":"plain","optional":true,"computed":true},"node":{"type":"string","description":"Node to add/remove to/from the pool. Format /partition/node_name:port. e.g. /Common/node01:443","description_kind":"plain","required":true},"pool":{"type":"string","description":"Name of the pool","description_kind":"plain","required":true}},"description_kind":"plain"}},"bigip_ltm_profile_client_ssl":{"version":0,"block":{"attributes":{"alert_timeout":{"type":"string","description":"Alert time out","description_kind":"plain","optional":true,"computed":true},"allow_non_ssl":{"type":"string","description":"Allow non ssl","description_kind":"plain","optional":true,"computed":true},"authenticate":{"type":"string","description":"Server authentication once / always (default is once).","description_kind":"plain","optional":true,"computed":true},"authenticate_depth":{"type":"number","description":"Client certificate chain traversal depth.  Default 9.","description_kind":"plain","optional":true,"computed":true},"ca_file":{"type":"string","description":"Client certificate file path.  Default None.","description_kind":"plain","optional":true,"computed":true},"cache_size":{"type":"number","description":"Cache size (sessions).","description_kind":"plain","optional":true,"computed":true},"cache_timeout":{"type":"number","description":"Cache time out","description_kind":"plain","optional":true,"computed":true},"cert":{"type":"string","description":"Name of the server certificate.","description_kind":"plain","optional":true,"computed":true},"cert_extension_includes":{"type":["set","string"],"description":"Cert extension includes for ssl forward proxy","description_kind":"plain","optional":true,"computed":true},"cert_life_span":{"type":"number","description":"Life span of the certificate in days for ssl forward proxy","description_kind":"plain","optional":true,"computed":true},"cert_lookup_by_ipaddr_port":{"type":"string","description":"Cert lookup by ip address and port enabled / disabled","description_kind":"plain","optional":true,"computed":true},"chain":{"type":"string","description":"Client certificate chain name.","description_kind":"plain","optional":true,"computed":true},"ciphers":{"type":"string","description":"BigIP Cipher string.","description_kind":"plain","optional":true,"computed":true},"client_cert_ca":{"type":"string","description":"client certificate name","description_kind":"plain","optional":true,"computed":true},"crl_file":{"type":"string","description":"Certificate revocation file name","description_kind":"plain","optional":true,"computed":true},"defaults_from":{"type":"string","description":"Profile name that this profile defaults from.","description_kind":"plain","optional":true},"forward_proxy_bypass_default_action":{"type":"string","description":"Forward proxy bypass default action. (enabled / disabled)","description_kind":"plain","optional":true,"computed":true},"full_path":{"type":"string","description":"full path of the profile","description_kind":"plain","optional":true,"computed":true},"generation":{"type":"number","description":"generation","description_kind":"plain","optional":true,"computed":true},"generic_alert":{"type":"string","description":"Generic alerts enabled / disabled.","description_kind":"plain","optional":true,"computed":true},"handshake_timeout":{"type":"string","description":"Handshake time out (seconds)","description_kind":"plain","optional":true,"computed":true},"id":{"type":"string","description_kind":"plain","optional":true,"computed":true},"inherit_cert_keychain":{"type":"string","description":"Inherit cert key chain","description_kind":"plain","optional":true,"computed":true},"key":{"type":"string","description":"Name of the Server SSL profile key","description_kind":"plain","optional":true,"computed":true},"mod_ssl_methods":{"type":"string","description":"ModSSL Methods enabled / disabled.  Default is disabled.","description_kind":"plain","optional":true,"computed":true},"mode":{"type":"string","description":"ModSSL Methods enabled / disabled.  Default is disabled.","description_kind":"plain","optional":true,"computed":true},"name":{"type":"string","description":"Name of the Ssl Profile","description_kind":"plain","required":true},"partition":{"type":"string","description":"name of partition","description_kind":"plain","optional":true,"computed":true},"passphrase":{"type":"string","description":"Client Certificate Constrained Delegation CA passphrase","description_kind":"plain","optional":true,"computed":true},"peer_cert_mode":{"type":"string","description":"Peer Cert Mode","description_kind":"plain","optional":true,"computed":true},"proxy_ca_cert":{"type":"string","description":"Proxy CA Cert","description_kind":"plain","optional":true,"computed":true},"proxy_ca_key":{"type":"string","description":"Proxy CA Key","description_kind":"plain","optional":true,"computed":true},"proxy_ca_passphrase":{"type":"string","description":"Proxy CA Passphrase","description_kind":"plain","optional":true,"computed":true},"proxy_ssl":{"type":"string","description":"Proxy SSL enabled / disabled.  Default is disabled.","description_kind":"plain","optional":true,"computed":true},"proxy_ssl_passthrough":{"type":"string","description":"Proxy SSL passthrough enabled / disabled.  Default is disabled.","description_kind":"plain","optional":true,"computed":true},"renegotiate_period":{"type":"string","description":"Renogotiate Period (seconds)","description_kind":"plain","optional":true,"computed":true},"renegotiate_size":{"type":"string","description":"Renogotiate Size","description_kind":"plain","optional":true,"computed":true},"renegotiation":{"type":"string","description":"Renegotiation (enabled / disabled)","description_kind":"plain","optional":true,"computed":true},"retain_certificate":{"type":"string","description":"Retain certificate.","description_kind":"plain","optional":true,"computed":true},"secure_renegotiation":{"type":"string","description":"Secure reneogotiaton (request / require / require-strict).","description_kind":"plain","optional":true,"computed":true},"server_name":{"type":"string","description":"Server name","description_kind":"plain","optional":true,"computed":true},"session_mirroring":{"type":"string","description":"Session Mirroring (enabled / disabled)","description_kind":"plain","optional":true,"computed":true},"session_ticket":{"type":"string","description":"Session Ticket (enabled / disabled)","description_kind":"plain","optional":true,"computed":true},"sni_default":{"type":"string","description":"SNI Default (true / false)","description_kind":"plain","optional":true,"computed":true},"sni_require":{"type":"string","description":"SNI Require (true / false)","description_kind":"plain","optional":true,"computed":true},"ssl_forward_proxy":{"type":"string","description":"SSL forward Proxy (enabled / disabled)","description_kind":"plain","optional":true,"computed":true},"ssl_forward_proxy_bypass":{"type":"string","description":"SSL forward Proxy Bypass (enabled / disabled)","description_kind":"plain","optional":true,"computed":true},"ssl_sign_hash":{"type":"string","description":"SSL sign hash (any, sha1, sha256, sha384)","description_kind":"plain","optional":true,"computed":true},"strict_resume":{"type":"string","description":"Strict Resume (enabled / disabled)","description_kind":"plain","optional":true,"computed":true},"tm_options":{"type":["set","string"],"description_kind":"plain","optional":true,"computed":true},"unclean_shutdown":{"type":"string","description":"Unclean Shutdown (enabled / disabled)","description_kind":"plain","optional":true,"computed":true}},"block_types":{"cert_key_chain":{"nesting_mode":"list","block":{"attributes":{"cert":{"type":"string","description":"Cert file name","description_kind":"plain","optional":true},"chain":{"type":"string","description":"Chain file name","description_kind":"plain","optional":true},"key":{"type":"string","description":"Key filename","description_kind":"plain","optional":true},"name":{"type":"string","description":"Name","description_kind":"plain","optional":true},"passphrase":{"type":"string","description":"Key passphrase","description_kind":"plain","optional":true}},"description_kind":"plain"}}},"description_kind":"plain"}},"bigip_ltm_profile_fasthttp":{"version":0,"block":{"attributes":{"connpool_maxreuse":{"type":"number","description":"connpool_maxreuse timer","description_kind":"plain","optional":true},"connpool_maxsize":{"type":"number","description":"timer integer","description_kind":"plain","optional":true},"connpool_minsize":{"type":"number","description":"Pool min size","description_kind":"plain","optional":true},"connpool_replenish":{"type":"string","description":"enabled or disabled","description_kind":"plain","optional":true},"connpool_step":{"type":"number","description":"integer value","description_kind":"plain","optional":true},"connpoolidle_timeoutoverride":{"type":"number","description":"idle_timeout can be given value","description_kind":"plain","optional":true},"defaults_from":{"type":"string","description":"Use the parent Fasthttp profile","description_kind":"plain","optional":true},"forcehttp_10response":{"type":"string","description":"disabled or enabled ","description_kind":"plain","optional":true},"id":{"type":"string","description_kind":"plain","optional":true,"computed":true},"idle_timeout":{"type":"number","description":"integer value","description_kind":"plain","optional":true},"maxheader_size":{"type":"number","description":"integer value","description_kind":"plain","optional":true},"name":{"type":"string","description":"Name of the Fasthttp Profile","description_kind":"plain","required":true}},"description_kind":"plain"}},"bigip_ltm_profile_fastl4":{"version":0,"block":{"attributes":{"client_timeout":{"type":"number","description":"Number of seconds allowed for a client to transmit enough data to select a server when you have late binding enabled. Value -1 means indefinite (not recommended)","description_kind":"plain","optional":true,"computed":true},"defaults_from":{"type":"string","description":"Use the parent Fastl4 profile","description_kind":"plain","optional":true,"computed":true},"explicitflow_migration":{"type":"string","description":"Use the parent Fastl4 profile","description_kind":"plain","optional":true,"computed":true},"hardware_syncookie":{"type":"string","description":"Use the parent Fastl4 profile","description_kind":"plain","optional":true,"computed":true},"id":{"type":"string","description_kind":"plain","optional":true,"computed":true},"idle_timeout":{"type":"string","description":"Number of seconds (default 300; may not be 0) connection may remain idle before it becomes eligible for deletion. Value -1 (not recommended) means infinite","description_kind":"plain","optional":true,"computed":true},"iptos_toclient":{"type":"string","description":"Use the parent Fastl4 profile","description_kind":"plain","optional":true,"computed":true},"iptos_toserver":{"type":"string","description":"Use the parent Fastl4 profile","description_kind":"plain","optional":true,"computed":true},"keepalive_interval":{"type":"string","description":"Use the parent Fastl4 profile","description_kind":"plain","optional":true,"computed":true},"name":{"type":"string","description":"Name of the Fastl4 Profile","description_kind":"plain","required":true},"partition":{"type":"string","description":"name of partition","description_kind":"plain","optional":true,"computed":true}},"description_kind":"plain"}},"bigip_ltm_profile_http":{"version":0,"block":{"attributes":{"accept_xff":{"type":"string","description":"Enables or disables trusting the client IP address, and statistics from the client IP address, based on the request's XFF (X-forwarded-for) headers, if they exist.","description_kind":"plain","optional":true},"app_service":{"type":"string","description":"The application service to which the object belongs.","description_kind":"plain","optional":true},"basic_auth_realm":{"type":"string","description":"Specifies a quoted string for the basic authentication realm. The system sends this string to a client whenever authorization fails. The default value is none","description_kind":"plain","optional":true},"defaults_from":{"type":"string","description":"Inherit defaults from parent profile","description_kind":"plain","required":true},"description":{"type":"string","description":"User defibned description","description_kind":"plain","optional":true},"encrypt_cookie_secret":{"type":"string","description":"Specifies a passphrase for the cookie encryption","description_kind":"plain","optional":true},"encrypt_cookies":{"type":["set","string"],"description":"Encrypts specified cookies that the BIG-IP system sends to a client system","description_kind":"plain","optional":true},"fallback_host":{"type":"string","description":"Specifies an HTTP fallback host. HTTP redirection allows you to redirect HTTP traffic to another protocol identifier, host name, port number, or URI path.","description_kind":"plain","optional":true},"fallback_status_codes":{"type":["set","string"],"description":"Specifies one or more three-digit status codes that can be returned by an HTTP server.","description_kind":"plain","optional":true},"head_erase":{"type":"string","description":"Specifies the header string that you want to erase from an HTTP request. You can also specify none","description_kind":"plain","optional":true},"head_insert":{"type":"string","description":"Specifies a quoted header string that you want to insert into an HTTP request. You can also specify none. ","description_kind":"plain","optional":true},"id":{"type":"string","description_kind":"plain","optional":true,"computed":true},"insert_xforwarded_for":{"type":"string","description":"When using connection pooling, which allows clients to make use of other client requests' server-side connections,\tyou can insert the X-Forwarded-For header and specify a client IP address. ","description_kind":"plain","optional":true},"lws_separator":{"type":"string","description":"Specifies a quoted header string that you want to insert into an HTTP request. You can also specify none. ","description_kind":"plain","optional":true},"name":{"type":"string","description":"Name of the profile","description_kind":"plain","required":true},"oneconnect_transformations":{"type":"string","description":"Enables the system to perform HTTP header transformations for the purpose of  keeping server-side connections open. This feature requires configuration of a OneConnect profile.","description_kind":"plain","optional":true},"proxy_type":{"type":"string","description":"Specifies the type of HTTP proxy. ","description_kind":"plain","optional":true},"redirect_rewrite":{"type":"string","description":"Specifies which of the application HTTP redirects the system rewrites to HTTPS.","description_kind":"plain","optional":true},"request_chunking":{"type":"string","description":"Specifies how to handle chunked and unchunked requests.","description_kind":"plain","optional":true},"response_chunking":{"type":"string","description":"Specifies how to handle chunked and unchunked responses.","description_kind":"plain","optional":true},"response_headers_permitted":{"type":["set","string"],"description":"Specifies headers that the BIG-IP system allows in an HTTP response.","description_kind":"plain","optional":true},"server_agent_name":{"type":"string","description":"Specifies the value of the Server header in responses that the BIG-IP itself generates. The default is BigIP. If no string is specified, then no Server header will be added to such responses","description_kind":"plain","optional":true},"tm_partition":{"type":"string","description":"Displays the administrative partition within which this profile resides. ","description_kind":"plain","optional":true},"via_host_name":{"type":"string","description":"Specifies the hostname to include into Via header","description_kind":"plain","optional":true},"via_request":{"type":"string","description":"Specifies whether to append, remove, or preserve a Via header in an HTTP request","description_kind":"plain","optional":true},"via_response":{"type":"string","description":"Specifies whether to append, remove, or preserve a Via header in an HTTP request","description_kind":"plain","optional":true},"xff_alternative_names":{"type":["set","string"],"description":"Specifies alternative XFF headers instead of the default X-forwarded-for header","description_kind":"plain","optional":true}},"description_kind":"plain"}},"bigip_ltm_profile_http2":{"version":0,"block":{"attributes":{"activation_modes":{"type":["set","string"],"description":"Servers Address","description_kind":"plain","optional":true},"concurrent_streams_per_connection":{"type":"number","description":"Use the parent Http2 profile","description_kind":"plain","optional":true},"connection_idle_timeout":{"type":"number","description":"Use the parent Http2 profile","description_kind":"plain","optional":true},"defaults_from":{"type":"string","description":"Use the parent Http2 profile","description_kind":"plain","optional":true},"header_table_size":{"type":"number","description":"Use the parent Http2 profile","description_kind":"plain","optional":true},"id":{"type":"string","description_kind":"plain","optional":true,"computed":true},"name":{"type":"string","description":"Name of the Http2 Profile","description_kind":"plain","required":true}},"description_kind":"plain"}},"bigip_ltm_profile_httpcompress":{"version":0,"block":{"attributes":{"content_type_exclude":{"type":["set","string"],"description":"Specifies a list of content types for compression of HTTP Content-Type responses. Use a string list to specify a list of content types you want to exclude.","description_kind":"plain","optional":true},"content_type_include":{"type":["set","string"],"description":"Specifies a list of content types for compression of HTTP Content-Type responses. Use a string list to specify a list of content types you want to compress.","description_kind":"plain","optional":true},"defaults_from":{"type":"string","description":"Use the parent Httpcompress profile","description_kind":"plain","optional":true},"id":{"type":"string","description_kind":"plain","optional":true,"computed":true},"name":{"type":"string","description":"Name of the Httpcompress Profile","description_kind":"plain","required":true},"uri_exclude":{"type":["set","string"],"description":"Servers Address","description_kind":"plain","optional":true},"uri_include":{"type":["set","string"],"description":"Servers Address","description_kind":"plain","optional":true}},"description_kind":"plain"}},"bigip_ltm_profile_oneconnect":{"version":0,"block":{"attributes":{"defaults_from":{"type":"string","description":"Use the parent oneconnect profile","description_kind":"plain","optional":true},"id":{"type":"string","description_kind":"plain","optional":true,"computed":true},"idle_timeout_override":{"type":"string","description":"idleTimeoutOverride can be enabled or disabled","description_kind":"plain","optional":true},"max_age":{"type":"number","description":"max_age has integer value typical 3600 sec","description_kind":"plain","optional":true},"max_reuse":{"type":"number","description":"max_reuse has integer value typical 1000 sec","description_kind":"plain","optional":true},"max_size":{"type":"number","description":"max_size has integer value typical 1000 sec","description_kind":"plain","optional":true},"name":{"type":"string","description":"Name of the Oneconnect Profile","description_kind":"plain","required":true},"partition":{"type":"string","description":"name of partition","description_kind":"plain","optional":true},"share_pools":{"type":"string","description":"sharePools can be enabled or disabled","description_kind":"plain","optional":true},"source_mask":{"type":"string","description":"source_mask can be 255.255.255.255","description_kind":"plain","optional":true}},"description_kind":"plain"}},"bigip_ltm_profile_server_ssl":{"version":0,"block":{"attributes":{"alert_timeout":{"type":"string","description":"Alert time out","description_kind":"plain","optional":true,"computed":true},"authenticate":{"type":"string","description":"Server authentication once / always (default is once).","description_kind":"plain","optional":true,"computed":true},"authenticate_depth":{"type":"number","description":"Client certificate chain traversal depth.  Default 9.","description_kind":"plain","optional":true,"computed":true},"ca_file":{"type":"string","description":"Client certificate file path.  Default None.","description_kind":"plain","optional":true,"computed":true},"cache_size":{"type":"number","description":"Cache size (sessions).","description_kind":"plain","optional":true,"computed":true},"cache_timeout":{"type":"number","description":"Cache time out","description_kind":"plain","optional":true,"computed":true},"cert":{"type":"string","description":"Name of the server certificate.","description_kind":"plain","optional":true,"computed":true},"chain":{"type":"string","description":"Client certificate chain name.","description_kind":"plain","optional":true,"computed":true},"ciphers":{"type":"string","description":"BigIP Cipher string.","description_kind":"plain","optional":true,"computed":true},"defaults_from":{"type":"string","description":"Profile name that this profile defaults from.","description_kind":"plain","optional":true},"expire_cert_response_control":{"type":"string","description":"Response if the cert is expired (drop / ignore). ","description_kind":"plain","optional":true,"computed":true},"full_path":{"type":"string","description":"full path of the profile","description_kind":"plain","optional":true,"computed":true},"generation":{"type":"number","description":"generation","description_kind":"plain","optional":true,"computed":true},"generic_alert":{"type":"string","description":"Generic alerts enabled / disabled.","description_kind":"plain","optional":true,"computed":true},"handshake_timeout":{"type":"string","description":"Handshake time out (seconds)","description_kind":"plain","optional":true,"computed":true},"id":{"type":"string","description_kind":"plain","optional":true,"computed":true},"key":{"type":"string","description":"Name of the Serer SSL profile key","description_kind":"plain","optional":true,"computed":true},"mod_ssl_methods":{"type":"string","description":"ModSSL Methods enabled / disabled.  Default is disabled.","description_kind":"plain","optional":true,"computed":true},"mode":{"type":"string","description":"ModSSL Methods enabled / disabled.  Default is disabled.","description_kind":"plain","optional":true,"computed":true},"name":{"type":"string","description":"Name of the Ssl Profile","description_kind":"plain","required":true},"partition":{"type":"string","description":"name of partition","description_kind":"plain","optional":true,"computed":true},"passphrase":{"type":"string","description":"Client Certificate Constrained Delegation CA passphrase","description_kind":"plain","optional":true,"computed":true},"peer_cert_mode":{"type":"string","description":"Peer Cert Mode","description_kind":"plain","optional":true,"computed":true},"proxy_ssl":{"type":"string","description":"Proxy SSL enabled / disabled.  Default is disabled.","description_kind":"plain","optional":true,"computed":true},"renegotiate_period":{"type":"string","description":"Renogotiate Period (seconds)","description_kind":"plain","optional":true,"computed":true},"renegotiate_size":{"type":"string","description":"Renogotiate Size","description_kind":"plain","optional":true,"computed":true},"renegotiation":{"type":"string","description":"Renegotiation (enabled / disabled)","description_kind":"plain","optional":true,"computed":true},"retain_certificate":{"type":"string","description":"Retain certificate.","description_kind":"plain","optional":true,"computed":true},"secure_renegotiation":{"type":"string","description":"Secure reneogotiaton (request / require / require-strict).","description_kind":"plain","optional":true,"computed":true},"server_name":{"type":"string","description":"Server name","description_kind":"plain","optional":true,"computed":true},"session_mirroring":{"type":"string","description":"Session Mirroring (enabled / disabled)","description_kind":"plain","optional":true,"computed":true},"session_ticket":{"type":"string","description":"Session Ticket (enabled / disabled)","description_kind":"plain","optional":true,"computed":true},"sni_default":{"type":"string","description":"SNI Default (true / false)","description_kind":"plain","optional":true,"computed":true},"sni_require":{"type":"string","description":"SNI Require (true / false)","description_kind":"plain","optional":true,"computed":true},"ssl_forward_proxy":{"type":"string","description":"SSL forward Proxy (enabled / disabled)","description_kind":"plain","optional":true,"computed":true},"ssl_forward_proxy_bypass":{"type":"string","description":"SSL forward Proxy Bypass (enabled / disabled)","description_kind":"plain","optional":true,"computed":true},"ssl_sign_hash":{"type":"string","description":"SSL sign hash (any, sha1, sha256, sha384)","description_kind":"plain","optional":true,"computed":true},"strict_resume":{"type":"string","description":"Strict Resume (enabled / disabled)","description_kind":"plain","optional":true,"computed":true},"tm_options":{"type":["set","string"],"description_kind":"plain","optional":true,"computed":true},"unclean_shutdown":{"type":"string","description":"Unclean Shutdown (enabled / disabled)","description_kind":"plain","optional":true,"computed":true},"untrusted_cert_response_control":{"type":"string","description":"Unclean Shutdown (drop / ignore)","description_kind":"plain","optional":true,"computed":true}},"description_kind":"plain"}},"bigip_ltm_profile_tcp":{"version":0,"block":{"attributes":{"close_wait_timeout":{"type":"number","description":"close wait timer integer","description_kind":"plain","optional":true},"defaults_from":{"type":"string","description":"Use the parent tcp profile","description_kind":"plain","optional":true},"deferred_accept":{"type":"string","description":"Defferred accept","description_kind":"plain","optional":true},"fast_open":{"type":"string","description":"fast_open value ","description_kind":"plain","optional":true},"finwait_2timeout":{"type":"number","description":"timer integer","description_kind":"plain","optional":true},"finwait_timeout":{"type":"number","description":"fin wait timer integer","description_kind":"plain","optional":true},"id":{"type":"string","description_kind":"plain","optional":true,"computed":true},"idle_timeout":{"type":"number","description":"idle_timeout can be given value","description_kind":"plain","optional":true},"keepalive_interval":{"type":"number","description":"keepalive_interval timer integer","description_kind":"plain","optional":true},"name":{"type":"string","description":"Name of the TCP Profile","description_kind":"plain","required":true},"partition":{"type":"string","description":"name of partition","description_kind":"plain","optional":true}},"description_kind":"plain"}},"bigip_ltm_snat":{"version":0,"block":{"attributes":{"autolasthop":{"type":"string","description":"Specifies whether to automatically map last hop for pools or not. The default is to use next level's defaul","description_kind":"plain","optional":true},"full_path":{"type":"string","description":"Fullpath ","description_kind":"plain","optional":true},"id":{"type":"string","description_kind":"plain","optional":true,"computed":true},"mirror":{"type":"string","description":"Enables or disables mirroring of SNAT connections.","description_kind":"plain","optional":true},"name":{"type":"string","description":"Snat list Name","description_kind":"plain","required":true},"partition":{"type":"string","description":"Which partition on BIG-IP","description_kind":"plain","optional":true},"snatpool":{"type":"string","description":"Specifies the name of a SNAT pool. You can only use this option when automap and translation are not used","description_kind":"plain","optional":true},"sourceport":{"type":"string","description":"Specifies whether the system preserves the source port of the connection. ","description_kind":"plain","optional":true},"translation":{"type":"string","description":"Specifies the name of a translated IP address.","description_kind":"plain","optional":true},"vlans":{"type":["set","string"],"description":"Vlans or Vlan list","description_kind":"plain","optional":true},"vlansdisabled":{"type":"bool","description":"Disables the SNAT on all VLANs.","description_kind":"plain","optional":true}},"block_types":{"origins":{"nesting_mode":"list","block":{"attributes":{"app_service":{"type":"string","description":"app service","description_kind":"plain","optional":true},"name":{"type":"string","description":"Name of origin","description_kind":"plain","optional":true}},"description_kind":"plain"},"min_items":1}},"description_kind":"plain"}},"bigip_ltm_snatpool":{"version":0,"block":{"attributes":{"id":{"type":"string","description_kind":"plain","optional":true,"computed":true},"members":{"type":["set","string"],"description":"Specifies a translation address to add to or delete from a SNAT pool, at least one address is required.","description_kind":"plain","required":true},"name":{"type":"string","description":"SNAT Pool list Name, format /partition/name. e.g. /Common/snat_pool","description_kind":"plain","required":true}},"description_kind":"plain"}},"bigip_ltm_virtual_address":{"version":0,"block":{"attributes":{"advertize_route":{"type":"bool","description":"Enabled dynamic routing of the address","description_kind":"plain","optional":true},"arp":{"type":"bool","description":"Enable or disable ARP for the virtual address","description_kind":"plain","optional":true},"auto_delete":{"type":"bool","description":"Automatically delete the virtual address with the virtual server","description_kind":"plain","optional":true},"conn_limit":{"type":"number","description":"Max number of connections for virtual address","description_kind":"plain","optional":true},"enabled":{"type":"bool","description":"Enable or disable the virtual address","description_kind":"plain","optional":true},"icmp_echo":{"type":"bool","description":"Enable/Disable ICMP response to the virtual address","description_kind":"plain","optional":true},"id":{"type":"string","description_kind":"plain","optional":true,"computed":true},"name":{"type":"string","description":"Name of the virtual address","description_kind":"plain","required":true},"traffic_group":{"type":"string","description":"Specify the partition and traffic group","description_kind":"plain","optional":true}},"description_kind":"plain"}},"bigip_ltm_virtual_server":{"version":0,"block":{"attributes":{"client_profiles":{"type":["set","string"],"description_kind":"plain","optional":true,"computed":true},"default_persistence_profile":{"type":"string","description_kind":"plain","optional":true},"description":{"type":"string","description_kind":"plain","optional":true},"destination":{"type":"string","description_kind":"plain","required":true},"fallback_persistence_profile":{"type":"string","description":"Fallback persistence profile","description_kind":"plain","optional":true,"computed":true},"id":{"type":"string","description_kind":"plain","optional":true,"computed":true},"ip_protocol":{"type":"string","description":"all, tcp, udp","description_kind":"plain","optional":true,"computed":true},"irules":{"type":["list","string"],"description_kind":"plain","optional":true},"mask":{"type":"string","description":"subnet mask","description_kind":"plain","optional":true,"computed":true},"name":{"type":"string","description":"Name of the virtual server","description_kind":"plain","required":true},"persistence_profiles":{"type":["set","string"],"description_kind":"plain","optional":true,"computed":true},"policies":{"type":["set","string"],"description_kind":"plain","optional":true},"pool":{"type":"string","description":"Default pool for this virtual server","description_kind":"plain","optional":true},"port":{"type":"number","description":"Listen port for the virtual server","description_kind":"plain","required":true},"profiles":{"type":["set","string"],"description_kind":"plain","optional":true,"computed":true},"server_profiles":{"type":["set","string"],"description_kind":"plain","optional":true,"computed":true},"snatpool":{"type":"string","description":"Name of the snatpool to use. Requires source_address_translation to be set to 'snat'.","description_kind":"plain","optional":true,"computed":true},"source":{"type":"string","description":"Source IP and mask for the virtual server","description_kind":"plain","optional":true,"computed":true},"source_address_translation":{"type":"string","description":"none, automap, snat","description_kind":"plain","optional":true,"computed":true},"state":{"type":"string","description":"Specifies whether the virtual server and its resources are available for load balancing. The default is Enabled","description_kind":"plain","optional":true},"translate_address":{"type":"string","description":"To enable _ disable Address translation","description_kind":"plain","optional":true,"computed":true},"translate_port":{"type":"string","description":"To enable _ disable port translation","description_kind":"plain","optional":true,"computed":true},"vlans":{"type":["set","string"],"description_kind":"plain","optional":true},"vlans_enabled":{"type":"bool","description":"Enables the virtual server on the VLANs specified by the VLANs option.","description_kind":"plain","optional":true,"computed":true}},"description_kind":"plain"}},"bigip_net_route":{"version":0,"block":{"attributes":{"gw":{"type":"string","description":"Gateway address","description_kind":"plain","optional":true},"id":{"type":"string","description_kind":"plain","optional":true,"computed":true},"name":{"type":"string","description":"Name of the route","description_kind":"plain","required":true},"network":{"type":"string","description":"Destination network","description_kind":"plain","required":true}},"description_kind":"plain"}},"bigip_net_selfip":{"version":0,"block":{"attributes":{"id":{"type":"string","description_kind":"plain","optional":true,"computed":true},"ip":{"type":"string","description":"SelfIP IP address","description_kind":"plain","required":true},"name":{"type":"string","description":"Name of the SelfIP","description_kind":"plain","required":true},"traffic_group":{"type":"string","description":"Name of the traffic group, defaults to traffic-group-local-only if not specified","description_kind":"plain","optional":true},"vlan":{"type":"string","description":"Name of the vlan","description_kind":"plain","required":true}},"description_kind":"plain"}},"bigip_net_vlan":{"version":0,"block":{"attributes":{"id":{"type":"string","description_kind":"plain","optional":true,"computed":true},"name":{"type":"string","description":"Name of the VLAN","description_kind":"plain","required":true},"tag":{"type":"number","description":"VLAN ID (tag)","description_kind":"plain","optional":true}},"block_types":{"interfaces":{"nesting_mode":"list","block":{"attributes":{"tagged":{"type":"bool","description":"Interface tagged","description_kind":"plain","optional":true},"vlanport":{"type":"string","description":"Vlan name","description_kind":"plain","optional":true}},"description_kind":"plain"}}},"description_kind":"plain"}},"bigip_ssl_certificate":{"version":0,"block":{"attributes":{"content":{"type":"string","description":"Content of certificate on Disk","description_kind":"plain","required":true,"sensitive":true},"id":{"type":"string","description_kind":"plain","optional":true,"computed":true},"name":{"type":"string","description":"Name of SSL Certificate with .crt extension","description_kind":"plain","required":true},"partition":{"type":"string","description":"Partition of ssl certificate","description_kind":"plain","optional":true}},"description_kind":"plain"}},"bigip_ssl_key":{"version":0,"block":{"attributes":{"content":{"type":"string","description":"Content of SSL certificate key present on local Disk","description_kind":"plain","required":true,"sensitive":true},"id":{"type":"string","description_kind":"plain","optional":true,"computed":true},"name":{"type":"string","description":"Name of SSL Certificate key with .key extension","description_kind":"plain","required":true},"partition":{"type":"string","description":"Partition of ssl certificate key","description_kind":"plain","optional":true}},"description_kind":"plain"}},"bigip_sys_bigiplicense":{"version":0,"block":{"attributes":{"command":{"type":"string","description":"Tmsh command to execute tmsh commands like install","description_kind":"plain","required":true},"id":{"type":"string","description_kind":"plain","optional":true,"computed":true},"registration_key":{"type":"string","description":"A unique Key F5 provides for Licensing BIG-IP","description_kind":"plain","required":true}},"description_kind":"plain"}},"bigip_sys_dns":{"version":0,"block":{"attributes":{"description":{"type":"string","description":"Name of the Dns Servers","description_kind":"plain","required":true},"id":{"type":"string","description_kind":"plain","optional":true,"computed":true},"name_servers":{"type":["set","string"],"description":"Servers Address","description_kind":"plain","optional":true},"number_of_dots":{"type":"number","description":"how many DNS Servers","description_kind":"plain","optional":true},"search":{"type":["set","string"],"description":"Servers search domain","description_kind":"plain","optional":true}},"description_kind":"plain"}},"bigip_sys_iapp":{"version":0,"block":{"attributes":{"description":{"type":"string","description":"Address of the Iapp which needs to be Iappensed","description_kind":"plain","optional":true},"devicegroup":{"type":"string","description":"BIG-IP password","description_kind":"plain","optional":true},"execute_action":{"type":"string","description":"BIG-IP password","description_kind":"plain","optional":true},"id":{"type":"string","description_kind":"plain","optional":true,"computed":true},"inherited_devicegroup":{"type":"string","description":"BIG-IP password","description_kind":"plain","optional":true},"inherited_traffic_group":{"type":"string","description":"BIG-IP password","description_kind":"plain","optional":true},"jsonfile":{"type":"string","description":"Address of the Iapp which needs to be Iappensed","description_kind":"plain","optional":true},"name":{"type":"string","description":"Address of the Iapp which needs to be Iappensed","description_kind":"plain","optional":true},"partition":{"type":"string","description":"Address of the Iapp which needs to be Iappensed","description_kind":"plain","optional":true},"strict_updates":{"type":"string","description":"BIG-IP password","description_kind":"plain","optional":true},"template":{"type":"string","description":"BIG-IP password","description_kind":"plain","optional":true},"template_modified":{"type":"string","description":"BIG-IP password","description_kind":"plain","optional":true},"template_prerequisite_errors":{"type":"string","description":"BIG-IP password","description_kind":"plain","optional":true},"traffic_group":{"type":"string","description":"BIG-IP password","description_kind":"plain","optional":true}},"block_types":{"lists":{"nesting_mode":"list","block":{"attributes":{"encrypted":{"type":"string","description":"Name of origin","description_kind":"plain","optional":true},"value":{"type":"string","description":"Name of origin","description_kind":"plain","optional":true}},"description_kind":"plain"}},"metadata":{"nesting_mode":"list","block":{"attributes":{"persists":{"type":"string","description":"Name of origin","description_kind":"plain","optional":true},"value":{"type":"string","description":"Name of origin","description_kind":"plain","optional":true}},"description_kind":"plain"}},"tables":{"nesting_mode":"list","block":{"attributes":{"column_names":{"type":["list","string"],"description_kind":"plain","optional":true},"encrypted_columns":{"type":"string","description":"Name of origin","description_kind":"plain","optional":true},"name":{"type":"string","description":"Name of origin","description_kind":"plain","optional":true}},"block_types":{"rows":{"nesting_mode":"list","block":{"attributes":{"row":{"type":["list","string"],"description_kind":"plain","optional":true}},"description_kind":"plain"}}},"description_kind":"plain"}},"variables":{"nesting_mode":"list","block":{"attributes":{"encrypted":{"type":"string","description":"Name of origin","description_kind":"plain","optional":true},"name":{"type":"string","description":"Name of origin","description_kind":"plain","optional":true},"value":{"type":"string","description":"Name of origin","description_kind":"plain","optional":true}},"description_kind":"plain"}}},"description_kind":"plain"}},"bigip_sys_ntp":{"version":0,"block":{"attributes":{"description":{"type":"string","description":"Name of the ntp Servers","description_kind":"plain","required":true},"id":{"type":"string","description_kind":"plain","optional":true,"computed":true},"servers":{"type":["set","string"],"description":"Servers Address","description_kind":"plain","optional":true},"timezone":{"type":"string","description":"Servers timezone","description_kind":"plain","optional":true}},"description_kind":"plain"}},"bigip_sys_provision":{"version":0,"block":{"attributes":{"cpu_ratio":{"type":"number","description":"cpu Ratio","description_kind":"plain","optional":true},"disk_ratio":{"type":"number","description":"disk Ratio","description_kind":"plain","optional":true},"full_path":{"type":"string","description":"path","description_kind":"plain","optional":true,"computed":true},"id":{"type":"string","description_kind":"plain","optional":true,"computed":true},"level":{"type":"string","description":"what level nominal or dedicated","description_kind":"plain","optional":true},"memory_ratio":{"type":"number","description":"memory Ratio","description_kind":"plain","optional":true},"name":{"type":"string","description":"Name of the module to be provisioned","description_kind":"plain","required":true}},"description_kind":"plain"}},"bigip_sys_snmp":{"version":0,"block":{"attributes":{"allowedaddresses":{"type":["set","string"],"description":"List of SNMP addresses","description_kind":"plain","optional":true},"id":{"type":"string","description_kind":"plain","optional":true,"computed":true},"sys_contact":{"type":"string","description":"Contact Person email","description_kind":"plain","optional":true},"sys_location":{"type":"string","description":"Location of the F5 ","description_kind":"plain","optional":true}},"description_kind":"plain"}},"bigip_sys_snmp_traps":{"version":0,"block":{"attributes":{"auth_passwordencrypted":{"type":"string","description":"Encrypted password ","description_kind":"plain","optional":true},"auth_protocol":{"type":"string","description":"Specifies the protocol used to authenticate the user.","description_kind":"plain","optional":true},"community":{"type":"string","description":"Specifies the community string used for this trap. ","description_kind":"plain","optional":true},"description":{"type":"string","description":"User defined description.","description_kind":"plain","optional":true},"engine_id":{"type":"string","description":"Specifies the authoritative security engine for SNMPv3.","description_kind":"plain","optional":true},"host":{"type":"string","description":"The host the trap will be sent to.","description_kind":"plain","optional":true},"id":{"type":"string","description_kind":"plain","optional":true,"computed":true},"name":{"type":"string","description":"Name","description_kind":"plain","optional":true},"port":{"type":"number","description":"The port that the trap will be sent to.","description_kind":"plain","optional":true},"privacy_password":{"type":"string","description":"Specifies the clear text password used to encrypt traffic. This field will not be displayed. ","description_kind":"plain","optional":true},"privacy_password_encrypted":{"type":"string","description":"Specifies the encrypted password used to encrypt traffic. ","description_kind":"plain","optional":true},"privacy_protocol":{"type":"string","description":"Specifies the protocol used to encrypt traffic. ","description_kind":"plain","optional":true},"security_level":{"type":"string","description":"Specifies whether or not traffic is encrypted and whether or not authentication is required.","description_kind":"plain","optional":true},"security_name":{"type":"string","description":"Security name used in conjunction with SNMPv3.","description_kind":"plain","optional":true},"version":{"type":"string","description":"SNMP version used for sending the trap. ","description_kind":"plain","optional":true}},"description_kind":"plain"}}}}}}
