{"format_version":"0.1","provider_schemas":{"registry.terraform.io/exoscale/exoscale":{"provider":{"version":0,"block":{"attributes":{"compute_endpoint":{"type":"string","description":"Exoscale CloudStack API endpoint (by default: https://api.exoscale.com/v1)","description_kind":"plain","optional":true},"config":{"type":"string","description":"CloudStack ini configuration filename (by default: cloudstack.ini)","description_kind":"plain","optional":true},"delay":{"type":"number","description_kind":"plain","deprecated":true,"optional":true},"dns_endpoint":{"type":"string","description":"Exoscale DNS API endpoint (by default: https://api.exoscale.com/dns)","description_kind":"plain","optional":true},"environment":{"type":"string","description_kind":"plain","optional":true},"gzip_user_data":{"type":"bool","description":"Defines if the user-data of compute instances should be gzipped (by default: true)","description_kind":"plain","optional":true},"key":{"type":"string","description":"Exoscale API key","description_kind":"plain","optional":true},"profile":{"type":"string","description_kind":"plain","deprecated":true,"optional":true},"region":{"type":"string","description":"CloudStack ini configuration section name (by default: cloudstack)","description_kind":"plain","optional":true},"secret":{"type":"string","description":"Exoscale API secret","description_kind":"plain","optional":true,"sensitive":true},"timeout":{"type":"number","description":"Timeout in seconds for waiting on compute resources to become available (by default: 300)","description_kind":"plain","optional":true},"token":{"type":"string","description_kind":"plain","deprecated":true,"optional":true}},"description_kind":"plain"}},"resource_schemas":{"exoscale_affinity":{"version":0,"block":{"attributes":{"description":{"type":"string","description_kind":"plain","optional":true},"id":{"type":"string","description_kind":"plain","optional":true,"computed":true},"name":{"type":"string","description_kind":"plain","required":true},"type":{"type":"string","description_kind":"plain","optional":true},"virtual_machine_ids":{"type":["set","string"],"description_kind":"plain","computed":true}},"block_types":{"timeouts":{"nesting_mode":"single","block":{"attributes":{"create":{"type":"string","description_kind":"plain","optional":true},"delete":{"type":"string","description_kind":"plain","optional":true},"read":{"type":"string","description_kind":"plain","optional":true}},"description_kind":"plain"}}},"description_kind":"plain"}},"exoscale_compute":{"version":0,"block":{"attributes":{"affinity_group_ids":{"type":["set","string"],"description_kind":"plain","optional":true,"computed":true},"affinity_groups":{"type":["set","string"],"description_kind":"plain","optional":true,"computed":true},"disk_size":{"type":"number","description_kind":"plain","required":true},"display_name":{"type":"string","description_kind":"plain","optional":true,"computed":true},"gateway":{"type":"string","description_kind":"plain","computed":true},"hostname":{"type":"string","description_kind":"plain","optional":true,"computed":true},"id":{"type":"string","description_kind":"plain","optional":true,"computed":true},"ip4":{"type":"bool","description":"Request an IPv4 address on the default NIC","description_kind":"plain","optional":true},"ip6":{"type":"bool","description":"Request an IPv6 address on the default NIC","description_kind":"plain","optional":true},"ip6_address":{"type":"string","description_kind":"plain","computed":true},"ip6_cidr":{"type":"string","description_kind":"plain","computed":true},"ip_address":{"type":"string","description_kind":"plain","computed":true},"key_pair":{"type":"string","description_kind":"plain","optional":true},"keyboard":{"type":"string","description_kind":"plain","optional":true},"name":{"type":"string","description_kind":"plain","deprecated":true,"computed":true},"password":{"type":"string","description_kind":"plain","computed":true,"sensitive":true},"reverse_dns":{"type":"string","description_kind":"plain","optional":true},"security_group_ids":{"type":["set","string"],"description_kind":"plain","optional":true,"computed":true},"security_groups":{"type":["set","string"],"description_kind":"plain","optional":true,"computed":true},"size":{"type":"string","description_kind":"plain","optional":true},"state":{"type":"string","description_kind":"plain","optional":true,"computed":true},"tags":{"type":["map","string"],"description":"Map of tags (key: value)","description_kind":"plain","optional":true,"computed":true},"template":{"type":"string","description_kind":"plain","optional":true,"computed":true},"template_id":{"type":"string","description_kind":"plain","optional":true,"computed":true},"user_data":{"type":"string","description":"cloud-init configuration","description_kind":"plain","optional":true},"user_data_base64":{"type":"bool","description":"was the cloud-init configuration base64 encoded","description_kind":"plain","computed":true},"username":{"type":"string","description_kind":"plain","deprecated":true,"computed":true},"zone":{"type":"string","description_kind":"plain","required":true}},"block_types":{"timeouts":{"nesting_mode":"single","block":{"attributes":{"create":{"type":"string","description_kind":"plain","optional":true},"delete":{"type":"string","description_kind":"plain","optional":true},"read":{"type":"string","description_kind":"plain","optional":true},"update":{"type":"string","description_kind":"plain","optional":true}},"description_kind":"plain"}}},"description_kind":"plain"}},"exoscale_domain":{"version":0,"block":{"attributes":{"auto_renew":{"type":"bool","description_kind":"plain","computed":true},"expires_on":{"type":"string","description_kind":"plain","computed":true},"id":{"type":"string","description_kind":"plain","optional":true,"computed":true},"name":{"type":"string","description_kind":"plain","required":true},"state":{"type":"string","description_kind":"plain","computed":true},"token":{"type":"string","description_kind":"plain","computed":true}},"block_types":{"timeouts":{"nesting_mode":"single","block":{"attributes":{"create":{"type":"string","description_kind":"plain","optional":true},"delete":{"type":"string","description_kind":"plain","optional":true},"read":{"type":"string","description_kind":"plain","optional":true}},"description_kind":"plain"}}},"description_kind":"plain"}},"exoscale_domain_record":{"version":0,"block":{"attributes":{"content":{"type":"string","description_kind":"plain","required":true},"domain":{"type":"string","description_kind":"plain","required":true},"hostname":{"type":"string","description_kind":"plain","computed":true},"id":{"type":"string","description_kind":"plain","optional":true,"computed":true},"name":{"type":"string","description_kind":"plain","required":true},"prio":{"type":"number","description_kind":"plain","optional":true,"computed":true},"record_type":{"type":"string","description_kind":"plain","required":true},"ttl":{"type":"number","description_kind":"plain","optional":true,"computed":true}},"block_types":{"timeouts":{"nesting_mode":"single","block":{"attributes":{"create":{"type":"string","description_kind":"plain","optional":true},"delete":{"type":"string","description_kind":"plain","optional":true},"read":{"type":"string","description_kind":"plain","optional":true},"update":{"type":"string","description_kind":"plain","optional":true}},"description_kind":"plain"}}},"description_kind":"plain"}},"exoscale_instance_pool":{"version":0,"block":{"attributes":{"description":{"type":"string","description_kind":"plain","optional":true},"disk_size":{"type":"number","description_kind":"plain","optional":true,"computed":true},"id":{"type":"string","description_kind":"plain","optional":true,"computed":true},"ipv6":{"type":"bool","description_kind":"plain","optional":true},"key_pair":{"type":"string","description_kind":"plain","optional":true},"name":{"type":"string","description_kind":"plain","required":true},"network_ids":{"type":["set","string"],"description_kind":"plain","optional":true},"security_group_ids":{"type":["set","string"],"description_kind":"plain","optional":true},"service_offering":{"type":"string","description_kind":"plain","required":true},"size":{"type":"number","description_kind":"plain","required":true},"state":{"type":"string","description_kind":"plain","optional":true,"computed":true},"template_id":{"type":"string","description_kind":"plain","required":true},"user_data":{"type":"string","description_kind":"plain","optional":true},"virtual_machines":{"type":["set","string"],"description_kind":"plain","optional":true,"computed":true},"zone":{"type":"string","description_kind":"plain","required":true}},"block_types":{"timeouts":{"nesting_mode":"single","block":{"attributes":{"create":{"type":"string","description_kind":"plain","optional":true},"delete":{"type":"string","description_kind":"plain","optional":true},"read":{"type":"string","description_kind":"plain","optional":true},"update":{"type":"string","description_kind":"plain","optional":true}},"description_kind":"plain"}}},"description_kind":"plain"}},"exoscale_ipaddress":{"version":0,"block":{"attributes":{"description":{"type":"string","description_kind":"plain","optional":true},"healthcheck_interval":{"type":"number","description":"Healthcheck probing interval in seconds","description_kind":"plain","optional":true},"healthcheck_mode":{"type":"string","description":"Healthcheck probing mode","description_kind":"plain","optional":true},"healthcheck_path":{"type":"string","description":"Healthcheck probe HTTP request path, must be specified in \"http\" mode","description_kind":"plain","optional":true},"healthcheck_port":{"type":"number","description":"Healthcheck service port to probe","description_kind":"plain","optional":true},"healthcheck_strikes_fail":{"type":"number","description":"Number of unsuccessful healthcheck probes before considering the target unhealthy","description_kind":"plain","optional":true},"healthcheck_strikes_ok":{"type":"number","description":"Number of successful healthcheck probes before considering the target healthy","description_kind":"plain","optional":true},"healthcheck_timeout":{"type":"number","description":"Time in seconds before considering a healthcheck probing failed","description_kind":"plain","optional":true},"healthcheck_tls_skip_verify":{"type":"bool","description":"Healthcheck probe disable TLS verification","description_kind":"plain","optional":true},"healthcheck_tls_sni":{"type":"string","description":"Healthcheck probe set server name for TLS SNI","description_kind":"plain","optional":true},"id":{"type":"string","description_kind":"plain","optional":true,"computed":true},"ip_address":{"type":"string","description_kind":"plain","computed":true},"tags":{"type":["map","string"],"description":"Map of tags (key: value)","description_kind":"plain","optional":true,"computed":true},"zone":{"type":"string","description":"Name of the zone","description_kind":"plain","required":true}},"block_types":{"timeouts":{"nesting_mode":"single","block":{"attributes":{"create":{"type":"string","description_kind":"plain","optional":true},"delete":{"type":"string","description_kind":"plain","optional":true},"read":{"type":"string","description_kind":"plain","optional":true},"update":{"type":"string","description_kind":"plain","optional":true}},"description_kind":"plain"}}},"description_kind":"plain"}},"exoscale_network":{"version":0,"block":{"attributes":{"display_text":{"type":"string","description_kind":"plain","optional":true,"computed":true},"end_ip":{"type":"string","description_kind":"plain","optional":true},"id":{"type":"string","description_kind":"plain","optional":true,"computed":true},"name":{"type":"string","description_kind":"plain","required":true},"netmask":{"type":"string","description_kind":"plain","optional":true},"network_offering":{"type":"string","description_kind":"plain","deprecated":true,"optional":true},"start_ip":{"type":"string","description_kind":"plain","optional":true},"tags":{"type":["map","string"],"description":"Map of tags (key: value)","description_kind":"plain","optional":true,"computed":true},"zone":{"type":"string","description_kind":"plain","required":true}},"block_types":{"timeouts":{"nesting_mode":"single","block":{"attributes":{"create":{"type":"string","description_kind":"plain","optional":true},"delete":{"type":"string","description_kind":"plain","optional":true},"read":{"type":"string","description_kind":"plain","optional":true},"update":{"type":"string","description_kind":"plain","optional":true}},"description_kind":"plain"}}},"description_kind":"plain"}},"exoscale_nic":{"version":0,"block":{"attributes":{"compute_id":{"type":"string","description_kind":"plain","required":true},"gateway":{"type":"string","description_kind":"plain","computed":true},"id":{"type":"string","description_kind":"plain","optional":true,"computed":true},"ip_address":{"type":"string","description":"IP address","description_kind":"plain","optional":true,"computed":true},"mac_address":{"type":"string","description_kind":"plain","computed":true},"netmask":{"type":"string","description_kind":"plain","computed":true},"network_id":{"type":"string","description_kind":"plain","required":true}},"block_types":{"timeouts":{"nesting_mode":"single","block":{"attributes":{"create":{"type":"string","description_kind":"plain","optional":true},"delete":{"type":"string","description_kind":"plain","optional":true},"read":{"type":"string","description_kind":"plain","optional":true},"update":{"type":"string","description_kind":"plain","optional":true}},"description_kind":"plain"}}},"description_kind":"plain"}},"exoscale_nlb":{"version":0,"block":{"attributes":{"created_at":{"type":"string","description_kind":"plain","computed":true},"description":{"type":"string","description_kind":"plain","optional":true},"id":{"type":"string","description_kind":"plain","optional":true,"computed":true},"ip_address":{"type":"string","description_kind":"plain","computed":true},"name":{"type":"string","description_kind":"plain","required":true},"services":{"type":["set","string"],"description_kind":"plain","computed":true},"state":{"type":"string","description_kind":"plain","computed":true},"zone":{"type":"string","description_kind":"plain","required":true}},"block_types":{"timeouts":{"nesting_mode":"single","block":{"attributes":{"create":{"type":"string","description_kind":"plain","optional":true},"delete":{"type":"string","description_kind":"plain","optional":true},"read":{"type":"string","description_kind":"plain","optional":true},"update":{"type":"string","description_kind":"plain","optional":true}},"description_kind":"plain"}}},"description_kind":"plain"}},"exoscale_nlb_service":{"version":0,"block":{"attributes":{"description":{"type":"string","description_kind":"plain","optional":true},"id":{"type":"string","description_kind":"plain","optional":true,"computed":true},"instance_pool_id":{"type":"string","description_kind":"plain","required":true},"name":{"type":"string","description_kind":"plain","required":true},"nlb_id":{"type":"string","description_kind":"plain","required":true},"port":{"type":"number","description_kind":"plain","required":true},"protocol":{"type":"string","description_kind":"plain","optional":true},"strategy":{"type":"string","description_kind":"plain","optional":true},"target_port":{"type":"number","description_kind":"plain","required":true},"zone":{"type":"string","description_kind":"plain","required":true}},"block_types":{"healthcheck":{"nesting_mode":"set","block":{"attributes":{"interval":{"type":"number","description_kind":"plain","optional":true},"mode":{"type":"string","description_kind":"plain","optional":true},"port":{"type":"number","description_kind":"plain","required":true},"retries":{"type":"number","description_kind":"plain","optional":true},"timeout":{"type":"number","description_kind":"plain","optional":true},"uri":{"type":"string","description_kind":"plain","optional":true}},"description_kind":"plain"},"min_items":1},"timeouts":{"nesting_mode":"single","block":{"attributes":{"create":{"type":"string","description_kind":"plain","optional":true},"delete":{"type":"string","description_kind":"plain","optional":true},"read":{"type":"string","description_kind":"plain","optional":true},"update":{"type":"string","description_kind":"plain","optional":true}},"description_kind":"plain"}}},"description_kind":"plain"}},"exoscale_secondary_ipaddress":{"version":0,"block":{"attributes":{"compute_id":{"type":"string","description_kind":"plain","required":true},"id":{"type":"string","description_kind":"plain","optional":true,"computed":true},"ip_address":{"type":"string","description":"Elastic IP address","description_kind":"plain","required":true},"network_id":{"type":"string","description_kind":"plain","computed":true},"nic_id":{"type":"string","description_kind":"plain","computed":true}},"block_types":{"timeouts":{"nesting_mode":"single","block":{"attributes":{"create":{"type":"string","description_kind":"plain","optional":true},"delete":{"type":"string","description_kind":"plain","optional":true},"read":{"type":"string","description_kind":"plain","optional":true}},"description_kind":"plain"}}},"description_kind":"plain"}},"exoscale_security_group":{"version":0,"block":{"attributes":{"description":{"type":"string","description_kind":"plain","optional":true},"id":{"type":"string","description_kind":"plain","optional":true,"computed":true},"name":{"type":"string","description_kind":"plain","required":true},"tags":{"type":["map","string"],"description_kind":"plain","optional":true}},"block_types":{"timeouts":{"nesting_mode":"single","block":{"attributes":{"create":{"type":"string","description_kind":"plain","optional":true},"delete":{"type":"string","description_kind":"plain","optional":true},"read":{"type":"string","description_kind":"plain","optional":true}},"description_kind":"plain"}}},"description_kind":"plain"}},"exoscale_security_group_rule":{"version":0,"block":{"attributes":{"cidr":{"type":"string","description_kind":"plain","optional":true},"description":{"type":"string","description_kind":"plain","optional":true},"end_port":{"type":"number","description_kind":"plain","optional":true},"icmp_code":{"type":"number","description_kind":"plain","optional":true},"icmp_type":{"type":"number","description_kind":"plain","optional":true},"id":{"type":"string","description_kind":"plain","optional":true,"computed":true},"protocol":{"type":"string","description_kind":"plain","optional":true},"security_group":{"type":"string","description_kind":"plain","optional":true,"computed":true},"security_group_id":{"type":"string","description_kind":"plain","optional":true,"computed":true},"start_port":{"type":"number","description_kind":"plain","optional":true},"type":{"type":"string","description_kind":"plain","required":true},"user_security_group":{"type":"string","description_kind":"plain","optional":true,"computed":true},"user_security_group_id":{"type":"string","description_kind":"plain","optional":true}},"block_types":{"timeouts":{"nesting_mode":"single","block":{"attributes":{"create":{"type":"string","description_kind":"plain","optional":true},"delete":{"type":"string","description_kind":"plain","optional":true},"read":{"type":"string","description_kind":"plain","optional":true}},"description_kind":"plain"}}},"description_kind":"plain"}},"exoscale_security_group_rules":{"version":0,"block":{"attributes":{"id":{"type":"string","description_kind":"plain","optional":true,"computed":true},"security_group":{"type":"string","description_kind":"plain","optional":true,"computed":true},"security_group_id":{"type":"string","description_kind":"plain","optional":true,"computed":true}},"block_types":{"egress":{"nesting_mode":"set","block":{"attributes":{"cidr_list":{"type":["set","string"],"description_kind":"plain","optional":true},"description":{"type":"string","description_kind":"plain","optional":true},"icmp_code":{"type":"number","description_kind":"plain","optional":true},"icmp_type":{"type":"number","description_kind":"plain","optional":true},"ids":{"type":["set","string"],"description_kind":"plain","computed":true},"ports":{"type":["set","string"],"description_kind":"plain","optional":true},"protocol":{"type":"string","description_kind":"plain","optional":true},"user_security_group_list":{"type":["set","string"],"description_kind":"plain","optional":true}},"description_kind":"plain"}},"ingress":{"nesting_mode":"set","block":{"attributes":{"cidr_list":{"type":["set","string"],"description_kind":"plain","optional":true},"description":{"type":"string","description_kind":"plain","optional":true},"icmp_code":{"type":"number","description_kind":"plain","optional":true},"icmp_type":{"type":"number","description_kind":"plain","optional":true},"ids":{"type":["set","string"],"description_kind":"plain","computed":true},"ports":{"type":["set","string"],"description_kind":"plain","optional":true},"protocol":{"type":"string","description_kind":"plain","optional":true},"user_security_group_list":{"type":["set","string"],"description_kind":"plain","optional":true}},"description_kind":"plain"}},"timeouts":{"nesting_mode":"single","block":{"attributes":{"create":{"type":"string","description_kind":"plain","optional":true},"delete":{"type":"string","description_kind":"plain","optional":true},"read":{"type":"string","description_kind":"plain","optional":true},"update":{"type":"string","description_kind":"plain","optional":true}},"description_kind":"plain"}}},"description_kind":"plain"}},"exoscale_ssh_keypair":{"version":0,"block":{"attributes":{"fingerprint":{"type":"string","description_kind":"plain","computed":true},"id":{"type":"string","description_kind":"plain","optional":true,"computed":true},"name":{"type":"string","description_kind":"plain","required":true},"private_key":{"type":"string","description_kind":"plain","computed":true,"sensitive":true},"public_key":{"type":"string","description_kind":"plain","optional":true}},"block_types":{"timeouts":{"nesting_mode":"single","block":{"attributes":{"create":{"type":"string","description_kind":"plain","optional":true},"delete":{"type":"string","description_kind":"plain","optional":true},"read":{"type":"string","description_kind":"plain","optional":true}},"description_kind":"plain"}}},"description_kind":"plain"}}},"data_source_schemas":{"exoscale_affinity":{"version":0,"block":{"attributes":{"id":{"type":"string","description":"ID of the Affinity Group","description_kind":"plain","optional":true},"name":{"type":"string","description":"Name of the Affinity Group","description_kind":"plain","optional":true}},"description_kind":"plain"}},"exoscale_compute":{"version":0,"block":{"attributes":{"cpu":{"type":"number","description":"Number of cpu the Compute instance is running with","description_kind":"plain","computed":true},"created":{"type":"string","description":"Date when the Compute instance was created","description_kind":"plain","computed":true},"disk_size":{"type":"number","description":"Size of the Compute instance disk","description_kind":"plain","computed":true},"hostname":{"type":"string","description":"Hostname of the Compute instance","description_kind":"plain","optional":true},"id":{"type":"string","description":"ID of the Compute instance","description_kind":"plain","optional":true},"ip6_address":{"type":"string","description":"Compute instance public ipv6 address (if ipv6 is enabled)","description_kind":"plain","computed":true},"ip_address":{"type":"string","description":"Compute instance public ipv4 address","description_kind":"plain","computed":true},"memory":{"type":"number","description":"Memory allocated for the Compute instance","description_kind":"plain","computed":true},"private_network_ip_addresses":{"type":["list","string"],"description":"List of Compute instance private IP addresses (in managed Private Networks only)","description_kind":"plain","computed":true},"size":{"type":"string","description":"Current size of the Compute instance","description_kind":"plain","computed":true},"state":{"type":"string","description":"State of the Compute instance","description_kind":"plain","computed":true},"tags":{"type":["map","string"],"description":"Map of tags (key: value)","description_kind":"plain","optional":true},"template":{"type":"string","description":"Name of the template for the Compute instance","description_kind":"plain","computed":true},"zone":{"type":"string","description":"Name of the availability zone for the Compute instance","description_kind":"plain","computed":true}},"description_kind":"plain"}},"exoscale_compute_ipaddress":{"version":0,"block":{"attributes":{"description":{"type":"string","description":"Description of the Elastic IP","description_kind":"plain","optional":true},"id":{"type":"string","description":"ID of the Elastic IP","description_kind":"plain","optional":true},"ip_address":{"type":"string","description":"IP Address","description_kind":"plain","optional":true},"tags":{"type":["map","string"],"description":"Map of tags (key: value)","description_kind":"plain","optional":true},"zone":{"type":"string","description":"Name of the zone","description_kind":"plain","required":true}},"description_kind":"plain"}},"exoscale_compute_template":{"version":0,"block":{"attributes":{"filter":{"type":"string","description":"Template filter to apply","description_kind":"plain","optional":true},"id":{"type":"string","description":"ID of the template","description_kind":"plain","optional":true},"name":{"type":"string","description":"Name of the template","description_kind":"plain","optional":true},"username":{"type":"string","description":"Username for logging into a compute instance based on this template","description_kind":"plain","computed":true},"zone":{"type":"string","description":"Name of the zone","description_kind":"plain","required":true}},"description_kind":"plain"}},"exoscale_domain":{"version":0,"block":{"attributes":{"id":{"type":"string","description_kind":"plain","optional":true,"computed":true},"name":{"type":"string","description":"Name of the Domain","description_kind":"plain","required":true}},"description_kind":"plain"}},"exoscale_domain_record":{"version":0,"block":{"attributes":{"domain":{"type":"string","description":"Domain of the Record","description_kind":"plain","required":true},"id":{"type":"string","description_kind":"plain","optional":true,"computed":true},"records":{"type":["list",["object",{"content":"string","domain":"string","id":"number","name":"string","prio":"number","record_type":"string"}]],"description_kind":"plain","computed":true}},"block_types":{"filter":{"nesting_mode":"list","block":{"attributes":{"content_regex":{"type":"string","description_kind":"plain","optional":true},"id":{"type":"number","description_kind":"plain","optional":true},"name":{"type":"string","description_kind":"plain","optional":true},"record_type":{"type":"string","description_kind":"plain","optional":true}},"description_kind":"plain"},"min_items":1,"max_items":1}},"description_kind":"plain"}},"exoscale_network":{"version":0,"block":{"attributes":{"description":{"type":"string","description_kind":"plain","computed":true},"end_ip":{"type":"string","description_kind":"plain","computed":true},"id":{"type":"string","description":"ID of the network","description_kind":"plain","optional":true},"name":{"type":"string","description":"Name of the network","description_kind":"plain","optional":true},"netmask":{"type":"string","description_kind":"plain","computed":true},"start_ip":{"type":"string","description_kind":"plain","computed":true},"zone":{"type":"string","description":"Name of the zone","description_kind":"plain","required":true}},"description_kind":"plain"}},"exoscale_security_group":{"version":0,"block":{"attributes":{"id":{"type":"string","description":"ID of the Security Group","description_kind":"plain","optional":true},"name":{"type":"string","description":"Name of the Security Group","description_kind":"plain","optional":true}},"description_kind":"plain"}}}}}}
