{"format_version":"0.1","provider_schemas":{"registry.terraform.io/nbering/ansible":{"provider":{"version":0,"block":{"description_kind":"plain"}},"resource_schemas":{"ansible_group":{"version":0,"block":{"attributes":{"children":{"type":["list","string"],"description_kind":"plain","optional":true},"id":{"type":"string","description_kind":"plain","optional":true,"computed":true},"inventory_group_name":{"type":"string","description_kind":"plain","required":true},"variable_priority":{"type":"number","description_kind":"plain","optional":true},"vars":{"type":["map","string"],"description_kind":"plain","optional":true}},"description_kind":"plain"}},"ansible_group_var":{"version":0,"block":{"attributes":{"id":{"type":"string","description_kind":"plain","optional":true,"computed":true},"inventory_group_name":{"type":"string","description_kind":"plain","required":true},"key":{"type":"string","description_kind":"plain","required":true},"value":{"type":"string","description_kind":"plain","required":true},"variable_priority":{"type":"number","description_kind":"plain","optional":true}},"description_kind":"plain"}},"ansible_host":{"version":0,"block":{"attributes":{"groups":{"type":["list","string"],"description_kind":"plain","optional":true},"id":{"type":"string","description_kind":"plain","optional":true,"computed":true},"inventory_hostname":{"type":"string","description_kind":"plain","required":true},"variable_priority":{"type":"number","description_kind":"plain","optional":true},"vars":{"type":["map","string"],"description_kind":"plain","optional":true}},"description_kind":"plain"}},"ansible_host_var":{"version":0,"block":{"attributes":{"id":{"type":"string","description_kind":"plain","optional":true,"computed":true},"inventory_hostname":{"type":"string","description_kind":"plain","required":true},"key":{"type":"string","description_kind":"plain","required":true},"value":{"type":"string","description_kind":"plain","required":true},"variable_priority":{"type":"number","description_kind":"plain","optional":true}},"description_kind":"plain"}}}}}}
