{"format_version":"0.1","provider_schemas":{"registry.terraform.io/paloaltonetworks/prismacloud":{"provider":{"version":0,"block":{"attributes":{"customer_name":{"type":"string","description":"Customer name","description_kind":"plain","optional":true},"disable_reconnect":{"type":"bool","description":"Disable reconnecting on JWT expiration","description_kind":"plain","optional":true},"json_config_file":{"type":"string","description":"Retrieve the provider configuration from this JSON file","description_kind":"plain","optional":true},"json_web_token":{"type":"string","description":"JSON web token to use","description_kind":"plain","optional":true,"sensitive":true},"logging":{"type":["map","bool"],"description":"Logging options for the API connection","description_kind":"plain","optional":true},"password":{"type":"string","description":"Secret key","description_kind":"plain","optional":true,"sensitive":true},"port":{"type":"number","description":"If the port is non-standard for the protocol, the port number to use","description_kind":"plain","optional":true},"protocol":{"type":"string","description":"The protocol (https or http)","description_kind":"plain","optional":true},"skip_ssl_cert_verification":{"type":"bool","description":"Skip SSL certificate verification","description_kind":"plain","optional":true},"timeout":{"type":"number","description":"The timeout in seconds for all communications with Prisma Cloud","description_kind":"plain","optional":true},"url":{"type":"string","description":"The API URL without the leading protocol","description_kind":"plain","optional":true},"username":{"type":"string","description":"Access key ID","description_kind":"plain","optional":true}},"description_kind":"plain"}},"resource_schemas":{"prismacloud_account_group":{"version":0,"block":{"attributes":{"account_ids":{"type":["list","string"],"description":"Cloud account IDs","description_kind":"plain","computed":true},"description":{"type":"string","description":"Description","description_kind":"plain","optional":true},"group_id":{"type":"string","description":"Account group ID","description_kind":"plain","computed":true},"id":{"type":"string","description_kind":"plain","optional":true,"computed":true},"last_modified_by":{"type":"string","description":"Last modified by","description_kind":"plain","computed":true},"last_modified_ts":{"type":"number","description":"Last modified timestamp","description_kind":"plain","computed":true},"name":{"type":"string","description":"Name of the group","description_kind":"plain","required":true}},"description_kind":"plain"}},"prismacloud_alert_rule":{"version":0,"block":{"attributes":{"allow_auto_remediate":{"type":"bool","description":"Allow auto-remediation","description_kind":"plain","optional":true},"delay_notification_ms":{"type":"number","description":"Delay notifications by the specified milliseconds","description_kind":"plain","optional":true},"description":{"type":"string","description":"Description","description_kind":"plain","optional":true},"enabled":{"type":"bool","description":"Enabled","description_kind":"plain","optional":true},"excluded_policies":{"type":["list","string"],"description":"List of policies to exclude from scan","description_kind":"plain","optional":true},"id":{"type":"string","description_kind":"plain","optional":true,"computed":true},"last_modified_by":{"type":"string","description":"Last modified by","description_kind":"plain","computed":true},"last_modified_on":{"type":"number","description":"Last modified on","description_kind":"plain","computed":true},"name":{"type":"string","description":"Rule/Scan name","description_kind":"plain","required":true},"notification_channels":{"type":["list","string"],"description":"List of notification channels","description_kind":"plain","computed":true},"notify_on_dismissed":{"type":"bool","description":"Include dismissed alerts in notification","description_kind":"plain","optional":true},"notify_on_open":{"type":"bool","description":"Include open alerts in notification","description_kind":"plain","optional":true},"notify_on_resolved":{"type":"bool","description":"Include resolved alerts in notification","description_kind":"plain","optional":true},"notify_on_snoozed":{"type":"bool","description":"Include snoozed alerts in notification","description_kind":"plain","optional":true},"open_alerts_count":{"type":"number","description":"Open alerts count","description_kind":"plain","computed":true},"owner":{"type":"string","description":"Owner","description_kind":"plain","computed":true},"policies":{"type":["set","string"],"description":"List of specific policies to scan","description_kind":"plain","optional":true},"policy_labels":{"type":["list","string"],"description":"Policy labels","description_kind":"plain","optional":true},"policy_scan_config_id":{"type":"string","description":"Policy scan config ID","description_kind":"plain","computed":true},"read_only":{"type":"bool","description":"Read only","description_kind":"plain","computed":true},"scan_all":{"type":"bool","description":"Scan all policies","description_kind":"plain","optional":true}},"block_types":{"notification_config":{"nesting_mode":"list","block":{"attributes":{"config_id":{"type":"string","description":"Alert rule notification config ID","description_kind":"plain","optional":true},"config_type":{"type":"string","description":"Config type","description_kind":"plain","optional":true},"day_of_month":{"type":"number","description":"Day of month","description_kind":"plain","optional":true},"detailed_report":{"type":"bool","description":"Provide CSV detailed report","description_kind":"plain","optional":true},"enabled":{"type":"bool","description":"Scan enabled","description_kind":"plain","optional":true},"frequency":{"type":"string","description":"Frequency","description_kind":"plain","optional":true},"frequency_from_r_rule":{"type":"string","description":"Frequency from R rule","description_kind":"plain","optional":true},"hour_of_day":{"type":"number","description":"Hour of day","description_kind":"plain","optional":true},"include_remediation":{"type":"bool","description":"Include remediation in detailed report","description_kind":"plain","optional":true},"last_sent_ts":{"type":"number","description":"Time of last notification in milliseconds","description_kind":"plain","computed":true},"last_updated":{"type":"number","description":"Last updated","description_kind":"plain","computed":true},"r_rule_schedule":{"type":"string","description":"R rule schedule","description_kind":"plain","optional":true},"recipients":{"type":["list","string"],"description":"List of unique email addresses to notify","description_kind":"plain","optional":true},"template_id":{"type":"string","description":"Template ID","description_kind":"plain","optional":true},"timezone_id":{"type":"string","description":"Timezone ID","description_kind":"plain","optional":true},"with_compression":{"type":"bool","description":"Compress detailed report","description_kind":"plain","optional":true}},"block_types":{"days_of_week":{"nesting_mode":"list","block":{"attributes":{"day":{"type":"string","description":"Day","description_kind":"plain","optional":true},"offset":{"type":"number","description":"Offset","description_kind":"plain","optional":true}},"description":"Days of week","description_kind":"plain"}}},"description":"List of data for notifications to third-party tools","description_kind":"plain"}},"target":{"nesting_mode":"list","block":{"attributes":{"account_groups":{"type":["list","string"],"description":"List of account groups","description_kind":"plain","optional":true},"excluded_accounts":{"type":["list","string"],"description":"List of excluded accounts","description_kind":"plain","optional":true},"regions":{"type":["list","string"],"description":"List of regions","description_kind":"plain","optional":true}},"block_types":{"tags":{"nesting_mode":"list","block":{"attributes":{"key":{"type":"string","description":"Resource tag target","description_kind":"plain","required":true},"values":{"type":["list","string"],"description":"List of values for resource tag key","description_kind":"plain","required":true}},"description":"List of TargetTag objects","description_kind":"plain"}}},"description":"Model for the target filter","description_kind":"plain"},"min_items":1,"max_items":1}},"description_kind":"plain"}},"prismacloud_cloud_account":{"version":0,"block":{"attributes":{"id":{"type":"string","description_kind":"plain","optional":true,"computed":true}},"block_types":{"alibaba_cloud":{"nesting_mode":"list","block":{"attributes":{"account_id":{"type":"string","description":"Alibaba account ID","description_kind":"plain","required":true},"enabled":{"type":"bool","description":"Whether or not the account is enabled","description_kind":"plain","optional":true},"group_ids":{"type":["list","string"],"description":"List of account IDs to which you are assigning this account","description_kind":"plain","required":true},"name":{"type":"string","description":"Name to be used for the account on the Prisma Cloud platform (must be unique)","description_kind":"plain","required":true},"ram_arn":{"type":"string","description":"Unique identifier for an Alibaba RAM role resource","description_kind":"plain","required":true}},"description":"Alibaba account type","description_kind":"plain"},"max_items":1},"aws":{"nesting_mode":"list","block":{"attributes":{"account_id":{"type":"string","description":"AWS account ID","description_kind":"plain","required":true},"enabled":{"type":"bool","description":"Whether or not the account is enabled","description_kind":"plain","optional":true},"external_id":{"type":"string","description":"AWS account external ID","description_kind":"plain","required":true,"sensitive":true},"group_ids":{"type":["list","string"],"description":"List of account IDs to which you are assigning this account","description_kind":"plain","required":true},"name":{"type":"string","description":"Name to be used for the account on the Prisma Cloud platform (must be unique)","description_kind":"plain","required":true},"role_arn":{"type":"string","description":"Unique identifier for an AWS resource (ARN)","description_kind":"plain","required":true}},"description":"AWS account type","description_kind":"plain"},"max_items":1},"azure":{"nesting_mode":"list","block":{"attributes":{"account_id":{"type":"string","description":"Azure account ID","description_kind":"plain","required":true},"client_id":{"type":"string","description":"Application ID registered with Active Directory","description_kind":"plain","required":true},"enabled":{"type":"bool","description":"Whether or not the account is enabled","description_kind":"plain","optional":true},"group_ids":{"type":["list","string"],"description":"List of account IDs to which you are assigning this account","description_kind":"plain","required":true},"key":{"type":"string","description":"Application ID key","description_kind":"plain","required":true},"monitor_flow_logs":{"type":"bool","description":"Automatically ingest flow logs","description_kind":"plain","optional":true},"name":{"type":"string","description":"Name to be used for the account on the Prisma Cloud platform (must be unique)","description_kind":"plain","required":true},"service_principal_id":{"type":"string","description":"Unique ID of the service principal object associated with the Prisma Cloud application that you create","description_kind":"plain","required":true},"tenant_id":{"type":"string","description":"Active Directory ID associated with Azure","description_kind":"plain","required":true}},"description":"Azure account type","description_kind":"plain"},"max_items":1},"gcp":{"nesting_mode":"list","block":{"attributes":{"account_id":{"type":"string","description":"GCP project ID","description_kind":"plain","required":true},"compression_enabled":{"type":"bool","description":"Enable flow log compression","description_kind":"plain","optional":true},"credentials_json":{"type":"string","description":"Content of the JSON credentials file","description_kind":"plain","required":true,"sensitive":true},"dataflow_enabled_project":{"type":"string","description":"GCP project for flow log compression","description_kind":"plain","optional":true},"enabled":{"type":"bool","description":"Whether or not the account is enabled","description_kind":"plain","optional":true},"flow_log_storage_bucket":{"type":"string","description":"GCP flow logs storage bucket","description_kind":"plain","optional":true},"group_ids":{"type":["list","string"],"description":"List of account IDs to which you are assigning this account","description_kind":"plain","required":true},"name":{"type":"string","description":"Name to be used for the account on the Prisma Cloud platform (must be unique)","description_kind":"plain","required":true}},"description":"GCP account type","description_kind":"plain"},"max_items":1},"timeouts":{"nesting_mode":"single","block":{"attributes":{"create":{"type":"string","description_kind":"plain","optional":true},"delete":{"type":"string","description_kind":"plain","optional":true},"update":{"type":"string","description_kind":"plain","optional":true}},"description_kind":"plain"}}},"description_kind":"plain"}},"prismacloud_compliance_standard":{"version":0,"block":{"attributes":{"cloud_types":{"type":["list","string"],"description":"Cloud type (determined based on policies assigned)","description_kind":"plain","computed":true},"created_by":{"type":"string","description":"Created by","description_kind":"plain","computed":true},"created_on":{"type":"number","description":"Created on","description_kind":"plain","computed":true},"cs_id":{"type":"string","description":"Compliance standard ID","description_kind":"plain","computed":true},"description":{"type":"string","description":"Description","description_kind":"plain","optional":true},"id":{"type":"string","description_kind":"plain","optional":true,"computed":true},"last_modified_by":{"type":"string","description":"Last modified by","description_kind":"plain","computed":true},"last_modified_on":{"type":"number","description":"Last modified on","description_kind":"plain","computed":true},"name":{"type":"string","description":"Compliance standard name","description_kind":"plain","required":true},"policies_assigned_count":{"type":"number","description":"Number of assigned policies","description_kind":"plain","computed":true},"system_default":{"type":"bool","description":"System default","description_kind":"plain","computed":true}},"description_kind":"plain"}},"prismacloud_compliance_standard_requirement":{"version":0,"block":{"attributes":{"created_by":{"type":"string","description":"Created by","description_kind":"plain","computed":true},"created_on":{"type":"number","description":"Created on","description_kind":"plain","computed":true},"cs_id":{"type":"string","description":"Compliance standard ID","description_kind":"plain","required":true},"csr_id":{"type":"string","description":"Compliance standard requirement ID","description_kind":"plain","computed":true},"description":{"type":"string","description":"Description","description_kind":"plain","optional":true},"id":{"type":"string","description_kind":"plain","optional":true,"computed":true},"last_modified_by":{"type":"string","description":"Last modified by","description_kind":"plain","computed":true},"last_modified_on":{"type":"number","description":"Last modified on","description_kind":"plain","computed":true},"name":{"type":"string","description":"Compliance requirement name","description_kind":"plain","required":true},"policies_assigned_count":{"type":"number","description":"Number of assigned policies","description_kind":"plain","computed":true},"requirement_id":{"type":"string","description":"Compliance requirement number","description_kind":"plain","optional":true},"standard_name":{"type":"string","description":"Compliance standard name","description_kind":"plain","computed":true},"system_default":{"type":"bool","description":"System default","description_kind":"plain","computed":true},"view_order":{"type":"number","description":"View order","description_kind":"plain","optional":true,"computed":true}},"description_kind":"plain"}},"prismacloud_compliance_standard_requirement_section":{"version":0,"block":{"attributes":{"associated_policy_ids":{"type":["list","string"],"description":"List of associated policy IDs","description_kind":"plain","computed":true},"created_by":{"type":"string","description":"Created by","description_kind":"plain","computed":true},"created_on":{"type":"number","description":"Created on","description_kind":"plain","computed":true},"csr_id":{"type":"string","description":"Compliance standard requirement ID","description_kind":"plain","required":true},"csrs_id":{"type":"string","description":"Compliance standard requirement section ID","description_kind":"plain","computed":true},"description":{"type":"string","description":"Description","description_kind":"plain","optional":true},"id":{"type":"string","description_kind":"plain","optional":true,"computed":true},"label":{"type":"string","description":"Section label","description_kind":"plain","optional":true,"computed":true},"last_modified_by":{"type":"string","description":"Last modified by","description_kind":"plain","computed":true},"last_modified_on":{"type":"number","description":"Last modified on","description_kind":"plain","computed":true},"policies_assigned_count":{"type":"number","description":"Number of assigned policies","description_kind":"plain","computed":true},"requirement_name":{"type":"string","description":"Compliance requirement name","description_kind":"plain","computed":true},"section_id":{"type":"string","description":"Compliance section ID","description_kind":"plain","required":true},"standard_name":{"type":"string","description":"Compliance standard name","description_kind":"plain","computed":true},"system_default":{"type":"bool","description":"System default","description_kind":"plain","computed":true},"view_order":{"type":"number","description":"View order","description_kind":"plain","optional":true,"computed":true}},"description_kind":"plain"}},"prismacloud_enterprise_settings":{"version":0,"block":{"attributes":{"anomaly_alert_disposition":{"type":"string","description":"Anomaly alert disposition","description_kind":"plain","optional":true},"anomaly_training_model_threshold":{"type":"string","description":"Anomaly training model threshold","description_kind":"plain","optional":true},"apply_default_policies_enabled":{"type":"bool","description":"Apply default policies enabled","description_kind":"plain","optional":true},"default_policies_enabled":{"type":["map","bool"],"description":"Default policies enabled","description_kind":"plain","optional":true},"id":{"type":"string","description_kind":"plain","optional":true,"computed":true},"require_alert_dismissal_note":{"type":"bool","description":"Require alert dismissal note","description_kind":"plain","optional":true},"session_timeout":{"type":"number","description":"Browser session timeout","description_kind":"plain","optional":true},"user_attribution_in_notification":{"type":"bool","description":"User attribution in notification","description_kind":"plain","optional":true}},"description_kind":"plain"}},"prismacloud_integration":{"version":0,"block":{"attributes":{"created_by":{"type":"string","description":"Created by","description_kind":"plain","computed":true},"created_ts":{"type":"number","description":"Created on","description_kind":"plain","computed":true},"description":{"type":"string","description":"Description","description_kind":"plain","optional":true},"enabled":{"type":"bool","description":"Enabled","description_kind":"plain","optional":true},"id":{"type":"string","description_kind":"plain","optional":true,"computed":true},"integration_id":{"type":"string","description":"Integration ID","description_kind":"plain","computed":true},"integration_type":{"type":"string","description":"Integration type","description_kind":"plain","required":true},"last_modified_by":{"type":"string","description":"Last modified by","description_kind":"plain","computed":true},"last_modified_ts":{"type":"number","description":"Last modified timestamp","description_kind":"plain","computed":true},"name":{"type":"string","description":"Name of the integration","description_kind":"plain","required":true},"reason":{"type":["list",["object",{"details":["list",["object",{"message":"string","status_code":"number","subject":"string"}]],"error_type":"string","last_updated":"number","message":"string"}]],"description":"Model for the integration status details","description_kind":"plain","computed":true},"status":{"type":"string","description":"Status","description_kind":"plain","computed":true},"valid":{"type":"bool","description":"Valid","description_kind":"plain","computed":true}},"block_types":{"integration_config":{"nesting_mode":"list","block":{"attributes":{"auth_token":{"type":"string","description":"PagerDuty authentication token for the event collector","description_kind":"plain","optional":true},"base_url":{"type":"string","description":"Qualys Security Operations Center server API URL (without \"http(s)\")","description_kind":"plain","optional":true},"host_url":{"type":"string","description":"ServiceNow URL","description_kind":"plain","optional":true},"integration_key":{"type":"string","description":"PagerDuty integration key","description_kind":"plain","optional":true},"login":{"type":"string","description":"(Qualys/ServiceNow) Login","description_kind":"plain","optional":true},"password":{"type":"string","description":"(Qualys/ServiceNow) Password","description_kind":"plain","optional":true},"queue_url":{"type":"string","description":"The Queue URL you used when you configured Prisma Cloud in Amazon SQS","description_kind":"plain","optional":true},"tables":{"type":["map","bool"],"description":"Key/value pairs that identify the ServiceNow module tables with which to integrate (e.g. - incident, sn_si_incident, or em_event)","description_kind":"plain","optional":true},"url":{"type":"string","description":"Webhook URL","description_kind":"plain","optional":true},"version":{"type":"string","description":"ServiceNow release version","description_kind":"plain","optional":true}},"block_types":{"headers":{"nesting_mode":"list","block":{"attributes":{"key":{"type":"string","description":"Header name","description_kind":"plain","required":true},"read_only":{"type":"bool","description":"Read only","description_kind":"plain","optional":true},"secure":{"type":"bool","description":"Secure","description_kind":"plain","optional":true},"value":{"type":"string","description":"Header value","description_kind":"plain","required":true}},"description":"Webhook headers","description_kind":"plain"}}},"description":"Integration configuration, the values depend on the integration type","description_kind":"plain"},"min_items":1,"max_items":1}},"description_kind":"plain"}},"prismacloud_policy":{"version":0,"block":{"attributes":{"cloud_type":{"type":"string","description":"Cloud type (Required for config policies)","description_kind":"plain","optional":true},"created_by":{"type":"string","description":"Created by","description_kind":"plain","computed":true},"created_on":{"type":"number","description":"Created on","description_kind":"plain","computed":true},"deleted":{"type":"bool","description":"Deleted","description_kind":"plain","optional":true},"description":{"type":"string","description":"Description","description_kind":"plain","optional":true},"enabled":{"type":"bool","description":"Enabled","description_kind":"plain","optional":true},"id":{"type":"string","description_kind":"plain","optional":true,"computed":true},"labels":{"type":["set","string"],"description":"Labels","description_kind":"plain","optional":true},"last_modified_by":{"type":"string","description":"Last modified by","description_kind":"plain","computed":true},"last_modified_on":{"type":"number","description":"Last modified on","description_kind":"plain","computed":true},"name":{"type":"string","description":"Name","description_kind":"plain","required":true},"open_alerts_count":{"type":"number","description":"Open alerts count","description_kind":"plain","computed":true},"overridden":{"type":"bool","description":"Overridden","description_kind":"plain","optional":true},"owner":{"type":"string","description":"Owner","description_kind":"plain","computed":true},"policy_id":{"type":"string","description":"Policy ID","description_kind":"plain","computed":true},"policy_mode":{"type":"string","description":"Policy mode","description_kind":"plain","computed":true},"policy_type":{"type":"string","description":"Policy type","description_kind":"plain","required":true},"recommendation":{"type":"string","description":"Remediation recommendation","description_kind":"plain","optional":true},"remediable":{"type":"bool","description":"Is remediable or not","description_kind":"plain","optional":true},"restrict_alert_dismissal":{"type":"bool","description":"Restrict alert dismissal","description_kind":"plain","optional":true},"rule_last_modified_on":{"type":"number","description":"Rule last modified on","description_kind":"plain","computed":true},"severity":{"type":"string","description":"Severity","description_kind":"plain","optional":true},"system_default":{"type":"bool","description":"If policy is a system default policy or not","description_kind":"plain","optional":true}},"block_types":{"compliance_metadata":{"nesting_mode":"list","block":{"attributes":{"compliance_id":{"type":"string","description":"Compliance ID","description_kind":"plain","optional":true},"custom_assigned":{"type":"bool","description":"Custom assigned","description_kind":"plain","optional":true},"policy_id":{"type":"string","description":"Policy ID","description_kind":"plain","optional":true},"requirement_description":{"type":"string","description":"Requirement description","description_kind":"plain","optional":true},"requirement_id":{"type":"string","description":"Requirement ID","description_kind":"plain","optional":true},"requirement_name":{"type":"string","description":"Requirement name","description_kind":"plain","optional":true},"section_description":{"type":"string","description":"Section description","description_kind":"plain","optional":true},"section_id":{"type":"string","description":"Section ID","description_kind":"plain","optional":true},"section_label":{"type":"string","description":"Section label","description_kind":"plain","optional":true},"standard_description":{"type":"string","description":"Compliance standard description","description_kind":"plain","optional":true},"standard_name":{"type":"string","description":"Compliance standard name","description_kind":"plain","optional":true}},"description":"List of compliance data. Each item has compliance standard, requirement, and/or section information","description_kind":"plain"}},"remediation":{"nesting_mode":"list","block":{"attributes":{"cli_script_json_schema_string":{"type":"string","description":"CLI script JSON schema","description_kind":"plain","optional":true},"cli_script_template":{"type":"string","description":"CLI script template","description_kind":"plain","optional":true},"description":{"type":"string","description":"Description","description_kind":"plain","optional":true},"template_type":{"type":"string","description":"Template type","description_kind":"plain","optional":true}},"description":"Model for remediation","description_kind":"plain"},"max_items":1},"rule":{"nesting_mode":"list","block":{"attributes":{"api_name":{"type":"string","description":"API name","description_kind":"plain","optional":true},"cloud_account":{"type":"string","description":"Cloud account","description_kind":"plain","optional":true},"cloud_type":{"type":"string","description":"Cloud type","description_kind":"plain","optional":true},"criteria":{"type":"string","description":"Saved search ID that defines the rule criteria","description_kind":"plain","required":true},"name":{"type":"string","description":"Name","description_kind":"plain","required":true},"parameters":{"type":["map","string"],"description":"Parameters","description_kind":"plain","required":true},"resource_id_path":{"type":"string","description":"Resource ID path","description_kind":"plain","optional":true},"resource_type":{"type":"string","description":"Resource type","description_kind":"plain","optional":true},"rule_type":{"type":"string","description":"Type of rule or RQL query","description_kind":"plain","required":true}},"description":"Model for rule","description_kind":"plain"},"min_items":1,"max_items":1},"timeouts":{"nesting_mode":"single","block":{"attributes":{"create":{"type":"string","description_kind":"plain","optional":true},"delete":{"type":"string","description_kind":"plain","optional":true},"update":{"type":"string","description_kind":"plain","optional":true}},"description_kind":"plain"}}},"description_kind":"plain"}},"prismacloud_user_role":{"version":0,"block":{"attributes":{"account_group_ids":{"type":["set","string"],"description":"Accessible account group IDs","description_kind":"plain","optional":true},"account_groups":{"type":["list",["object",{"group_id":"string","name":"string"}]],"description":"Associated account groups","description_kind":"plain","computed":true},"associated_users":{"type":["set","string"],"description":"Associated application users which cannot exist in the system without the user role","description_kind":"plain","optional":true},"description":{"type":"string","description":"Description","description_kind":"plain","optional":true},"id":{"type":"string","description_kind":"plain","optional":true,"computed":true},"last_modified_by":{"type":"string","description":"Last modified by","description_kind":"plain","computed":true},"last_modified_ts":{"type":"number","description":"Last modified timestamp","description_kind":"plain","computed":true},"name":{"type":"string","description":"Name of the role","description_kind":"plain","required":true},"restrict_dismissal_access":{"type":"bool","description":"Restrict dismissal access","description_kind":"plain","optional":true},"role_id":{"type":"string","description":"Role UUID","description_kind":"plain","computed":true},"role_type":{"type":"string","description":"User role type","description_kind":"plain","required":true}},"description_kind":"plain"}}},"data_source_schemas":{"prismacloud_account_group":{"version":0,"block":{"attributes":{"account_ids":{"type":["list","string"],"description":"Cloud account IDs","description_kind":"plain","computed":true},"description":{"type":"string","description":"Description","description_kind":"plain","computed":true},"group_id":{"type":"string","description":"Account group ID","description_kind":"plain","optional":true,"computed":true},"id":{"type":"string","description_kind":"plain","optional":true,"computed":true},"last_modified_by":{"type":"string","description":"Last modified by","description_kind":"plain","computed":true},"last_modified_ts":{"type":"number","description":"Last modified timestamp","description_kind":"plain","computed":true},"name":{"type":"string","description":"Name of the group","description_kind":"plain","optional":true,"computed":true}},"description_kind":"plain"}},"prismacloud_account_groups":{"version":0,"block":{"attributes":{"id":{"type":"string","description_kind":"plain","optional":true,"computed":true},"listing":{"type":["list",["object",{"accounts":["list",["object",{"account_id":"string","account_type":"string","name":"string"}]],"alert_rules":["list",["object",{"alert_id":"string","name":"string"}]],"group_id":"string","name":"string"}]],"description":"List of accounts","description_kind":"plain","computed":true},"total":{"type":"number","description":"Total number of account groups","description_kind":"plain","computed":true}},"description_kind":"plain"}},"prismacloud_alert_rule":{"version":0,"block":{"attributes":{"allow_auto_remediate":{"type":"bool","description":"Allow auto-remediation","description_kind":"plain","computed":true},"delay_notification_ms":{"type":"number","description":"Delay notifications by the specified milliseconds","description_kind":"plain","computed":true},"description":{"type":"string","description":"Description","description_kind":"plain","computed":true},"enabled":{"type":"bool","description":"Enabled","description_kind":"plain","computed":true},"excluded_policies":{"type":["list","string"],"description":"List of policies to exclude from scan","description_kind":"plain","computed":true},"id":{"type":"string","description_kind":"plain","optional":true,"computed":true},"last_modified_by":{"type":"string","description":"Last modified by","description_kind":"plain","computed":true},"last_modified_on":{"type":"number","description":"Last modified on","description_kind":"plain","computed":true},"name":{"type":"string","description":"Rule/Scan name","description_kind":"plain","optional":true,"computed":true},"notification_channels":{"type":["list","string"],"description":"List of notification channels","description_kind":"plain","computed":true},"notification_config":{"type":["list",["object",{"config_id":"string","config_type":"string","day_of_month":"number","days_of_week":["list",["object",{"day":"string","offset":"number"}]],"detailed_report":"bool","enabled":"bool","frequency":"string","frequency_from_r_rule":"string","hour_of_day":"number","include_remediation":"bool","last_sent_ts":"number","last_updated":"number","r_rule_schedule":"string","recipients":["list","string"],"template_id":"string","timezone_id":"string","with_compression":"bool"}]],"description":"List of data for notifications to third-party tools","description_kind":"plain","computed":true},"notify_on_dismissed":{"type":"bool","description":"Include dismissed alerts in notification","description_kind":"plain","computed":true},"notify_on_open":{"type":"bool","description":"Include open alerts in notification","description_kind":"plain","computed":true},"notify_on_resolved":{"type":"bool","description":"Include resolved alerts in notification","description_kind":"plain","computed":true},"notify_on_snoozed":{"type":"bool","description":"Include snoozed alerts in notification","description_kind":"plain","computed":true},"open_alerts_count":{"type":"number","description":"Open alerts count","description_kind":"plain","computed":true},"owner":{"type":"string","description":"Owner","description_kind":"plain","computed":true},"policies":{"type":["set","string"],"description":"List of specific policies to scan","description_kind":"plain","computed":true},"policy_labels":{"type":["list","string"],"description":"Policy labels","description_kind":"plain","computed":true},"policy_scan_config_id":{"type":"string","description":"Policy scan config ID","description_kind":"plain","optional":true,"computed":true},"read_only":{"type":"bool","description":"Read only","description_kind":"plain","computed":true},"scan_all":{"type":"bool","description":"Scan all policies","description_kind":"plain","computed":true},"target":{"type":["list",["object",{"account_groups":["list","string"],"excluded_accounts":["list","string"],"regions":["list","string"],"tags":["list",["object",{"key":"string","values":["list","string"]}]]}]],"description":"Model for the target filter","description_kind":"plain","computed":true}},"description_kind":"plain"}},"prismacloud_alert_rules":{"version":0,"block":{"attributes":{"id":{"type":"string","description_kind":"plain","optional":true,"computed":true},"listing":{"type":["list",["object",{"deleted":"bool","description":"string","enabled":"bool","name":"string","open_alerts_count":"number","owner":"string","policies":["set","string"],"policy_scan_config_id":"string","read_only":"bool","scan_all":"bool"}]],"description":"List of alert rules","description_kind":"plain","computed":true},"total":{"type":"number","description":"Total number of alert rules","description_kind":"plain","computed":true}},"description_kind":"plain"}},"prismacloud_alerts":{"version":0,"block":{"attributes":{"id":{"type":"string","description_kind":"plain","optional":true,"computed":true},"limit":{"type":"number","description":"Max number of alerts to return.  This uses the v2 version of the API, where the default and max is 10,000.","description_kind":"plain","optional":true},"listing":{"type":["list",["object",{"alert_count":"number","alert_id":"string","alert_time":"number","event_occurred":"number","first_seen":"number","last_seen":"number","status":"string","triggered_by":"string"}]],"description":"Alert listing","description_kind":"plain","computed":true},"page_token":{"type":"string","description":"The next page token returned","description_kind":"plain","computed":true},"sort_by":{"type":["list","string"],"description":"Array of sort properties. Append :asc or :desc to the key to sort by ascending or descending order respectively.","description_kind":"plain","optional":true},"total":{"type":"number","description":"Total number of alerts","description_kind":"plain","computed":true}},"block_types":{"filters":{"nesting_mode":"list","block":{"attributes":{"name":{"type":"string","description":"Param name to filter on","description_kind":"plain","required":true},"operator":{"type":"string","description":"Operator between the name and value params","description_kind":"plain","optional":true},"value":{"type":"string","description":"Param value for the filter","description_kind":"plain","required":true}},"description":"Filtering parameters","description_kind":"plain"}},"time_range":{"nesting_mode":"list","block":{"block_types":{"absolute":{"nesting_mode":"list","block":{"attributes":{"end":{"type":"number","description":"End time","description_kind":"plain","required":true},"start":{"type":"number","description":"Start time","description_kind":"plain","required":true}},"description":"An absolute time range","description_kind":"plain"},"max_items":1},"relative":{"nesting_mode":"list","block":{"attributes":{"amount":{"type":"number","description":"The time number","description_kind":"plain","required":true},"unit":{"type":"string","description":"The time unit","description_kind":"plain","required":true}},"description":"Relative time range","description_kind":"plain"},"max_items":1},"to_now":{"nesting_mode":"list","block":{"attributes":{"unit":{"type":"string","description":"The time unit","description_kind":"plain","required":true}},"description":"From some time in the past to now","description_kind":"plain"},"max_items":1}},"description":"The time range spec","description_kind":"plain"},"min_items":1,"max_items":1}},"description_kind":"plain"}},"prismacloud_cloud_account":{"version":0,"block":{"attributes":{"account_id":{"type":"string","description":"The cloud account ID","description_kind":"plain","optional":true,"computed":true},"alibaba_cloud":{"type":["list",["object",{"account_id":"string","enabled":"bool","group_ids":["list","string"],"name":"string","ram_arn":"string"}]],"description":"Alibaba account type","description_kind":"plain","computed":true},"aws":{"type":["list",["object",{"account_id":"string","enabled":"bool","external_id":"string","group_ids":["list","string"],"name":"string","role_arn":"string"}]],"description":"AWS account type","description_kind":"plain","computed":true},"azure":{"type":["list",["object",{"account_id":"string","client_id":"string","enabled":"bool","group_ids":["list","string"],"key":"string","monitor_flow_logs":"bool","name":"string","service_principal_id":"string","tenant_id":"string"}]],"description":"Azure account type","description_kind":"plain","computed":true},"cloud_type":{"type":"string","description":"The cloud type","description_kind":"plain","required":true},"gcp":{"type":["list",["object",{"account_id":"string","compression_enabled":"bool","credentials_json":"string","dataflow_enabled_project":"string","enabled":"bool","flow_log_storage_bucket":"string","group_ids":["list","string"],"name":"string"}]],"description":"GCP account type","description_kind":"plain","computed":true},"id":{"type":"string","description_kind":"plain","optional":true,"computed":true},"name":{"type":"string","description":"The cloud account name","description_kind":"plain","optional":true,"computed":true}},"description_kind":"plain"}},"prismacloud_cloud_accounts":{"version":0,"block":{"attributes":{"id":{"type":"string","description_kind":"plain","optional":true,"computed":true},"listing":{"type":["list",["object",{"account_id":"string","cloud_type":"string","name":"string"}]],"description":"List of accounts","description_kind":"plain","computed":true},"total":{"type":"number","description":"Total number of cloud accounts","description_kind":"plain","computed":true}},"description_kind":"plain"}},"prismacloud_compliance_standard":{"version":0,"block":{"attributes":{"cloud_types":{"type":["list","string"],"description":"Cloud type (determined based on policies assigned)","description_kind":"plain","computed":true},"created_by":{"type":"string","description":"Created by","description_kind":"plain","computed":true},"created_on":{"type":"number","description":"Created on","description_kind":"plain","computed":true},"cs_id":{"type":"string","description":"Compliance standard ID","description_kind":"plain","optional":true,"computed":true},"description":{"type":"string","description":"Description","description_kind":"plain","computed":true},"id":{"type":"string","description_kind":"plain","optional":true,"computed":true},"last_modified_by":{"type":"string","description":"Last modified by","description_kind":"plain","computed":true},"last_modified_on":{"type":"number","description":"Last modified on","description_kind":"plain","computed":true},"name":{"type":"string","description":"Compliance standard name","description_kind":"plain","optional":true,"computed":true},"policies_assigned_count":{"type":"number","description":"Number of assigned policies","description_kind":"plain","computed":true},"system_default":{"type":"bool","description":"System default","description_kind":"plain","computed":true}},"description_kind":"plain"}},"prismacloud_compliance_standard_requirement":{"version":0,"block":{"attributes":{"created_by":{"type":"string","description":"Created by","description_kind":"plain","computed":true},"created_on":{"type":"number","description":"Created on","description_kind":"plain","computed":true},"cs_id":{"type":"string","description":"Compliance standard ID","description_kind":"plain","required":true},"csr_id":{"type":"string","description":"Compliance standard requirement ID","description_kind":"plain","optional":true,"computed":true},"description":{"type":"string","description":"Description","description_kind":"plain","computed":true},"id":{"type":"string","description_kind":"plain","optional":true,"computed":true},"last_modified_by":{"type":"string","description":"Last modified by","description_kind":"plain","computed":true},"last_modified_on":{"type":"number","description":"Last modified on","description_kind":"plain","computed":true},"name":{"type":"string","description":"Compliance requirement name","description_kind":"plain","optional":true,"computed":true},"policies_assigned_count":{"type":"number","description":"Number of assigned policies","description_kind":"plain","computed":true},"requirement_id":{"type":"string","description":"Compliance requirement number","description_kind":"plain","computed":true},"standard_name":{"type":"string","description":"Compliance standard name","description_kind":"plain","computed":true},"system_default":{"type":"bool","description":"System default","description_kind":"plain","computed":true},"view_order":{"type":"number","description":"View order","description_kind":"plain","computed":true}},"description_kind":"plain"}},"prismacloud_compliance_standard_requirement_section":{"version":0,"block":{"attributes":{"associated_policy_ids":{"type":["list","string"],"description":"List of associated policy IDs","description_kind":"plain","computed":true},"created_by":{"type":"string","description":"Created by","description_kind":"plain","computed":true},"created_on":{"type":"number","description":"Created on","description_kind":"plain","computed":true},"csr_id":{"type":"string","description":"Compliance standard requirement ID","description_kind":"plain","required":true},"csrs_id":{"type":"string","description":"Compliance standard requirement section ID","description_kind":"plain","optional":true,"computed":true},"description":{"type":"string","description":"Description","description_kind":"plain","computed":true},"id":{"type":"string","description_kind":"plain","optional":true,"computed":true},"label":{"type":"string","description":"Section label","description_kind":"plain","computed":true},"last_modified_by":{"type":"string","description":"Last modified by","description_kind":"plain","computed":true},"last_modified_on":{"type":"number","description":"Last modified on","description_kind":"plain","computed":true},"policies_assigned_count":{"type":"number","description":"Number of assigned policies","description_kind":"plain","computed":true},"requirement_name":{"type":"string","description":"Compliance requirement name","description_kind":"plain","computed":true},"section_count":{"type":"number","description":"Number of system supported and custom compliance standard requirement sections","description_kind":"plain","computed":true},"section_id":{"type":"string","description":"Compliance section ID","description_kind":"plain","optional":true,"computed":true},"standard_name":{"type":"string","description":"Compliance standard name","description_kind":"plain","computed":true},"system_default":{"type":"bool","description":"System default","description_kind":"plain","computed":true},"view_order":{"type":"number","description":"View order","description_kind":"plain","computed":true}},"description_kind":"plain"}},"prismacloud_compliance_standard_requirement_sections":{"version":0,"block":{"attributes":{"csr_id":{"type":"string","description":"Compliance standard requirement ID","description_kind":"plain","required":true},"id":{"type":"string","description_kind":"plain","optional":true,"computed":true},"listing":{"type":["list",["object",{"associated_policy_ids":["list","string"],"created_by":"string","created_on":"number","csrs_id":"string","description":"string","label":"string","last_modified_by":"string","last_modified_on":"number","policies_assigned_count":"number","requirement_name":"string","section_id":"string","standard_name":"string","system_default":"bool","view_order":"number"}]],"description":"List of all compliance requirement sections","description_kind":"plain","computed":true},"total":{"type":"number","description":"Total number of system supported and custom compliance standard requirement sections","description_kind":"plain","computed":true}},"description_kind":"plain"}},"prismacloud_compliance_standard_requirements":{"version":0,"block":{"attributes":{"cs_id":{"type":"string","description":"Compliance standard ID","description_kind":"plain","required":true},"id":{"type":"string","description_kind":"plain","optional":true,"computed":true},"listing":{"type":["list",["object",{"created_by":"string","created_on":"number","csr_id":"string","description":"string","last_modified_by":"string","last_modified_on":"number","name":"string","policies_assigned_count":"number","requirement_id":"string","standard_name":"string","system_default":"bool","view_order":"number"}]],"description":"List of all compliance requirements","description_kind":"plain","computed":true},"total":{"type":"number","description":"Total number of system supported and custom appliance standard requirements","description_kind":"plain","computed":true}},"description_kind":"plain"}},"prismacloud_compliance_standards":{"version":0,"block":{"attributes":{"id":{"type":"string","description_kind":"plain","optional":true,"computed":true},"listing":{"type":["list",["object",{"cloud_types":["list","string"],"created_by":"string","created_on":"number","cs_id":"string","description":"string","last_modified_by":"string","last_modified_on":"number","name":"string","policies_assigned_count":"number","system_default":"bool"}]],"description":"List of system supported and custom compliance standards","description_kind":"plain","computed":true},"total":{"type":"number","description":"Total number of system supported and custom compliance standards","description_kind":"plain","computed":true}},"description_kind":"plain"}},"prismacloud_enterprise_settings":{"version":0,"block":{"attributes":{"anomaly_alert_disposition":{"type":"string","description":"Anomaly alert disposition","description_kind":"plain","computed":true},"anomaly_training_model_threshold":{"type":"string","description":"Anomaly training model threshold","description_kind":"plain","computed":true},"apply_default_policies_enabled":{"type":"bool","description":"Apply default policies enabled","description_kind":"plain","computed":true},"default_policies_enabled":{"type":["map","bool"],"description":"Default policies enabled","description_kind":"plain","computed":true},"id":{"type":"string","description_kind":"plain","optional":true,"computed":true},"require_alert_dismissal_note":{"type":"bool","description":"Require alert dismissal note","description_kind":"plain","computed":true},"session_timeout":{"type":"number","description":"Browser session timeout","description_kind":"plain","computed":true},"user_attribution_in_notification":{"type":"bool","description":"User attribution in notification","description_kind":"plain","computed":true}},"description_kind":"plain"}},"prismacloud_integration":{"version":0,"block":{"attributes":{"created_by":{"type":"string","description":"Created by","description_kind":"plain","computed":true},"created_ts":{"type":"number","description":"Created on","description_kind":"plain","computed":true},"description":{"type":"string","description":"Description","description_kind":"plain","computed":true},"enabled":{"type":"bool","description":"Enabled","description_kind":"plain","computed":true},"id":{"type":"string","description_kind":"plain","optional":true,"computed":true},"integration_config":{"type":["list",["object",{"auth_token":"string","base_url":"string","headers":["list",["object",{"key":"string","read_only":"bool","secure":"bool","value":"string"}]],"host_url":"string","integration_key":"string","login":"string","password":"string","queue_url":"string","tables":["map","bool"],"url":"string","version":"string"}]],"description":"Integration configuration, the values depend on the integration type","description_kind":"plain","computed":true},"integration_id":{"type":"string","description":"Integration ID","description_kind":"plain","optional":true,"computed":true},"integration_type":{"type":"string","description":"Integration type","description_kind":"plain","computed":true},"last_modified_by":{"type":"string","description":"Last modified by","description_kind":"plain","computed":true},"last_modified_ts":{"type":"number","description":"Last modified timestamp","description_kind":"plain","computed":true},"name":{"type":"string","description":"Name of the integration","description_kind":"plain","optional":true,"computed":true},"reason":{"type":["list",["object",{"details":["list",["object",{"message":"string","status_code":"number","subject":"string"}]],"error_type":"string","last_updated":"number","message":"string"}]],"description":"Model for the integration status details","description_kind":"plain","computed":true},"status":{"type":"string","description":"Status","description_kind":"plain","computed":true},"valid":{"type":"bool","description":"Valid","description_kind":"plain","computed":true}},"description_kind":"plain"}},"prismacloud_integrations":{"version":0,"block":{"attributes":{"id":{"type":"string","description_kind":"plain","optional":true,"computed":true},"listing":{"type":["list",["object",{"description":"string","enabled":"bool","integration_id":"string","integration_type":"string","name":"string","status":"string","valid":"bool"}]],"description":"List of all integrations","description_kind":"plain","computed":true},"total":{"type":"number","description":"Total number of all integrations","description_kind":"plain","computed":true}},"description_kind":"plain"}},"prismacloud_policies":{"version":0,"block":{"attributes":{"filters":{"type":["map","string"],"description":"Filter policy results","description_kind":"plain","optional":true},"id":{"type":"string","description_kind":"plain","optional":true,"computed":true},"listing":{"type":["list",["object",{"cloud_type":"string","deleted":"bool","description":"string","enabled":"bool","labels":["set","string"],"name":"string","open_alerts_count":"number","overridden":"bool","policy_id":"string","policy_mode":"string","policy_type":"string","recommendation":"string","remediable":"bool","severity":"string","system_default":"bool"}]],"description":"List of policies","description_kind":"plain","computed":true},"total":{"type":"number","description":"Total number of policies","description_kind":"plain","computed":true}},"description_kind":"plain"}},"prismacloud_policy":{"version":0,"block":{"attributes":{"cloud_type":{"type":"string","description":"Cloud type (Required for config policies)","description_kind":"plain","computed":true},"compliance_metadata":{"type":["list",["object",{"compliance_id":"string","custom_assigned":"bool","policy_id":"string","requirement_description":"string","requirement_id":"string","requirement_name":"string","section_description":"string","section_id":"string","section_label":"string","standard_description":"string","standard_name":"string"}]],"description":"List of compliance data. Each item has compliance standard, requirement, and/or section information","description_kind":"plain","computed":true},"created_by":{"type":"string","description":"Created by","description_kind":"plain","computed":true},"created_on":{"type":"number","description":"Created on","description_kind":"plain","computed":true},"deleted":{"type":"bool","description":"Deleted","description_kind":"plain","computed":true},"description":{"type":"string","description":"Description","description_kind":"plain","computed":true},"enabled":{"type":"bool","description":"Enabled","description_kind":"plain","computed":true},"id":{"type":"string","description_kind":"plain","optional":true,"computed":true},"labels":{"type":["set","string"],"description":"Labels","description_kind":"plain","computed":true},"last_modified_by":{"type":"string","description":"Last modified by","description_kind":"plain","computed":true},"last_modified_on":{"type":"number","description":"Last modified on","description_kind":"plain","computed":true},"name":{"type":"string","description":"Policy name","description_kind":"plain","optional":true,"computed":true},"open_alerts_count":{"type":"number","description":"Open alerts count","description_kind":"plain","computed":true},"overridden":{"type":"bool","description":"Overridden","description_kind":"plain","computed":true},"owner":{"type":"string","description":"Owner","description_kind":"plain","computed":true},"policy_id":{"type":"string","description":"Policy ID","description_kind":"plain","optional":true,"computed":true},"policy_mode":{"type":"string","description":"Policy mode","description_kind":"plain","computed":true},"policy_type":{"type":"string","description":"Policy type","description_kind":"plain","computed":true},"recommendation":{"type":"string","description":"Remediation recommendation","description_kind":"plain","computed":true},"remediable":{"type":"bool","description":"Is remediable or not","description_kind":"plain","computed":true},"remediation":{"type":["list",["object",{"cli_script_json_schema_string":"string","cli_script_template":"string","description":"string","template_type":"string"}]],"description":"Model for remediation","description_kind":"plain","computed":true},"restrict_alert_dismissal":{"type":"bool","description":"Restrict alert dismissal","description_kind":"plain","computed":true},"rule":{"type":["list",["object",{"api_name":"string","cloud_account":"string","cloud_type":"string","criteria":"string","name":"string","parameters":["map","string"],"resource_id_path":"string","resource_type":"string","rule_type":"string"}]],"description":"Model for rule","description_kind":"plain","computed":true},"rule_last_modified_on":{"type":"number","description":"Rule last modified on","description_kind":"plain","computed":true},"severity":{"type":"string","description":"Severity","description_kind":"plain","computed":true},"system_default":{"type":"bool","description":"If policy is a system default policy or not","description_kind":"plain","computed":true}},"description_kind":"plain"}},"prismacloud_rql_historic_search":{"version":0,"block":{"attributes":{"cloud_type":{"type":"string","description":"Cloud type","description_kind":"plain","computed":true},"description":{"type":"string","description":"Description","description_kind":"plain","computed":true},"id":{"type":"string","description_kind":"plain","optional":true,"computed":true},"name":{"type":"string","description":"Historic RQL search name","description_kind":"plain","optional":true,"computed":true},"query":{"type":"string","description":"RQL query","description_kind":"plain","computed":true},"saved":{"type":"bool","description":"If this is a saved search","description_kind":"plain","computed":true},"search_id":{"type":"string","description":"Historic RQL search ID","description_kind":"plain","optional":true,"computed":true},"search_type":{"type":"string","description":"Search type","description_kind":"plain","computed":true},"time_range":{"type":["list",["object",{"absolute":["list",["object",{"end":"number","start":"number"}]],"relative":["list",["object",{"amount":"number","relative_time_type":"string","unit":"string"}]],"to_now":["list",["object",{"unit":"string"}]]}]],"description":"The time range spec","description_kind":"plain","computed":true}},"description_kind":"plain"}},"prismacloud_rql_historic_searches":{"version":0,"block":{"attributes":{"filter":{"type":"string","description":"Filter for historic RQL searches","description_kind":"plain","optional":true},"id":{"type":"string","description_kind":"plain","optional":true,"computed":true},"limit":{"type":"number","description":"Max number of historic RQL searches to return","description_kind":"plain","optional":true},"listing":{"type":["list",["object",{"created_by":"string","last_modified_by":"string","name":"string","saved":"bool","search_id":"string","search_type":"string"}]],"description":"List of historic RQL searches","description_kind":"plain","computed":true},"total":{"type":"number","description":"Total number of RQL saved searches","description_kind":"plain","computed":true}},"description_kind":"plain"}}}}}}
