{"format_version":"0.1","provider_schemas":{"registry.terraform.io/ibm-cloud/ibm":{"provider":{"version":0,"block":{"attributes":{"bluemix_api_key":{"type":"string","description":"The Bluemix API Key","description_kind":"plain","optional":true},"bluemix_timeout":{"type":"number","description":"The timeout (in seconds) to set for any Bluemix API calls made.","description_kind":"plain","optional":true},"function_namespace":{"type":"string","description":"The IBM Cloud Function namespace","description_kind":"plain","optional":true},"generation":{"type":"number","description":"Generation of Virtual Private Cloud. Default is 2","description_kind":"plain","optional":true},"iaas_classic_api_key":{"type":"string","description":"The Classic Infrastructure API Key","description_kind":"plain","optional":true},"iaas_classic_endpoint_url":{"type":"string","description":"The Classic Infrastructure Endpoint","description_kind":"plain","optional":true},"iaas_classic_timeout":{"type":"number","description":"The timeout (in seconds) to set for any Classic Infrastructure API calls made.","description_kind":"plain","optional":true},"iaas_classic_username":{"type":"string","description":"The Classic Infrastructure API user name","description_kind":"plain","optional":true},"iam_refresh_token":{"type":"string","description":"IAM Authentication refresh token","description_kind":"plain","optional":true},"iam_token":{"type":"string","description":"IAM Authentication token","description_kind":"plain","optional":true},"ibmcloud_api_key":{"type":"string","description":"The IBM Cloud API Key","description_kind":"plain","optional":true},"ibmcloud_timeout":{"type":"number","description":"The timeout (in seconds) to set for any IBM Cloud API calls made.","description_kind":"plain","optional":true},"max_retries":{"type":"number","description":"The retry count to set for API calls.","description_kind":"plain","optional":true},"region":{"type":"string","description":"The IBM cloud Region (for example 'us-south').","description_kind":"plain","optional":true},"resource_group":{"type":"string","description":"The Resource group id.","description_kind":"plain","optional":true},"riaas_endpoint":{"type":"string","description":"The next generation infrastructure service endpoint url.","description_kind":"plain","optional":true},"softlayer_api_key":{"type":"string","description":"The SoftLayer API Key","description_kind":"plain","optional":true},"softlayer_endpoint_url":{"type":"string","description":"The Softlayer Endpoint","description_kind":"plain","optional":true},"softlayer_timeout":{"type":"number","description":"The timeout (in seconds) to set for any SoftLayer API calls made.","description_kind":"plain","optional":true},"softlayer_username":{"type":"string","description":"The SoftLayer user name","description_kind":"plain","optional":true},"zone":{"type":"string","description":"The IBM cloud Region zone (for example 'us-south-1') for power resources.","description_kind":"plain","optional":true}},"description_kind":"plain"}},"resource_schemas":{"ibm_api_gateway_endpoint":{"version":0,"block":{"attributes":{"base_path":{"type":"string","description":" Base path of an endpoint","description_kind":"plain","computed":true},"endpoint_id":{"type":"string","description":"Endpoint ID","description_kind":"plain","computed":true},"id":{"type":"string","description_kind":"plain","optional":true,"computed":true},"managed":{"type":"bool","description":"Managed indicates if endpoint is online or offline.","description_kind":"plain","optional":true},"name":{"type":"string","description":"Endpoint name","description_kind":"plain","required":true},"open_api_doc_name":{"type":"string","description":"Json File path","description_kind":"plain","required":true},"provider_id":{"type":"string","description":" Provider ID of an endpoint allowable values user-defined and whisk","description_kind":"plain","optional":true},"routes":{"type":["list","string"],"description":"Invokable routes for an endpoint","description_kind":"plain","optional":true},"service_instance_crn":{"type":"string","description":"Api Gateway Service Instance Crn","description_kind":"plain","required":true},"shared":{"type":"bool","description":"The Shared status of an endpoint","description_kind":"plain","computed":true},"type":{"type":"string","description":"Action type of Endpoint ALoowable values are share, unshare, manage, unmanage","description_kind":"plain","optional":true}},"description_kind":"plain"}},"ibm_api_gateway_endpoint_subscription":{"version":0,"block":{"attributes":{"artifact_id":{"type":"string","description":"Endpoint ID","description_kind":"plain","required":true},"client_id":{"type":"string","description":"Subscription Id, API key that is used to create subscription","description_kind":"plain","optional":true,"computed":true},"client_secret":{"type":"string","description":"Client Sercret of a Subscription","description_kind":"plain","optional":true,"sensitive":true},"generate_secret":{"type":"bool","description":"Indicates if Client Sercret has to be autogenerated","description_kind":"plain","optional":true},"id":{"type":"string","description_kind":"plain","optional":true,"computed":true},"name":{"type":"string","description":"Subscription name","description_kind":"plain","required":true},"secret_provided":{"type":"bool","description":"Indicates if client secret is provided to subscription or not","description_kind":"plain","computed":true},"type":{"type":"string","description":"Subscription type. Allowable values are external, internal","description_kind":"plain","required":true}},"description_kind":"plain"}},"ibm_app":{"version":0,"block":{"attributes":{"app_path":{"type":"string","description":"Define the  path of the zip file of the application.","description_kind":"plain","required":true},"app_version":{"type":"string","description":"Version of the application","description_kind":"plain","optional":true},"buildpack":{"type":"string","description":"Buildpack to build the app. 3 options: a) Blank means autodetection; b) A Git Url pointing to a buildpack; c) Name of an installed buildpack.","description_kind":"plain","optional":true},"command":{"type":"string","description":"The initial command for the app","description_kind":"plain","optional":true},"disk_quota":{"type":"number","description":"The maximum amount of disk available to an instance of an app. In megabytes.","description_kind":"plain","optional":true,"computed":true},"environment_json":{"type":["map","string"],"description":"Key/value pairs of all the environment variables to run in your app. Does not include any system or service variables.","description_kind":"plain","optional":true},"health_check_http_endpoint":{"type":"string","description":"Endpoint called to determine if the app is healthy.","description_kind":"plain","optional":true},"health_check_timeout":{"type":"number","description":"Timeout in seconds for health checking of an staged app when starting up.","description_kind":"plain","optional":true},"health_check_type":{"type":"string","description":"Type of health check to perform.","description_kind":"plain","optional":true},"id":{"type":"string","description_kind":"plain","optional":true,"computed":true},"instances":{"type":"number","description":"The number of instances","description_kind":"plain","optional":true},"memory":{"type":"number","description":"The amount of memory each instance should have. In megabytes.","description_kind":"plain","optional":true,"computed":true},"name":{"type":"string","description":"The name for the app","description_kind":"plain","required":true},"route_guid":{"type":["set","string"],"description":"Define the route guids which should be bound to the application.","description_kind":"plain","optional":true},"service_instance_guid":{"type":["set","string"],"description":"Define the service instance guids that should be bound to this application.","description_kind":"plain","optional":true},"space_guid":{"type":"string","description":"Define space guid to which app belongs","description_kind":"plain","required":true},"tags":{"type":["set","string"],"description_kind":"plain","optional":true},"wait_time_minutes":{"type":"number","description":"Define timeout to wait for the app instances to start/update/restage etc.","description_kind":"plain","optional":true}},"description_kind":"plain"}},"ibm_app_domain_private":{"version":0,"block":{"attributes":{"id":{"type":"string","description_kind":"plain","optional":true,"computed":true},"name":{"type":"string","description":"The name of the domain","description_kind":"plain","required":true},"org_guid":{"type":"string","description":"The organization that owns the domain.","description_kind":"plain","required":true},"tags":{"type":["set","string"],"description_kind":"plain","optional":true}},"description_kind":"plain"}},"ibm_app_domain_shared":{"version":0,"block":{"attributes":{"id":{"type":"string","description_kind":"plain","optional":true,"computed":true},"name":{"type":"string","description":"The name of the domain","description_kind":"plain","required":true},"router_group_guid":{"type":"string","description":"The guid of the router group.","description_kind":"plain","optional":true},"tags":{"type":["set","string"],"description_kind":"plain","optional":true}},"description_kind":"plain"}},"ibm_app_route":{"version":0,"block":{"attributes":{"domain_guid":{"type":"string","description":"The guid of the associated domain","description_kind":"plain","required":true},"host":{"type":"string","description":"The host portion of the route. Required for shared-domains.","description_kind":"plain","optional":true},"id":{"type":"string","description_kind":"plain","optional":true,"computed":true},"path":{"type":"string","description":"The path for a route as raw text.Paths must be between 2 and 128 characters.Paths must start with a forward slash '/'.Paths must not contain a '?'","description_kind":"plain","optional":true},"port":{"type":"number","description":"The port of the route. Supported for domains of TCP router groups only.","description_kind":"plain","optional":true},"space_guid":{"type":"string","description":"The guid of the associated space","description_kind":"plain","required":true},"tags":{"type":["set","string"],"description_kind":"plain","optional":true}},"description_kind":"plain"}},"ibm_cdn":{"version":0,"block":{"attributes":{"bucket_name":{"type":"string","description":"Bucket name","description_kind":"plain","optional":true},"cache_key_query_rule":{"type":"string","description":"query rule info","description_kind":"plain","optional":true},"certificate_type":{"type":"string","description":"Certificate type","description_kind":"plain","optional":true},"cname":{"type":"string","description":"cname info","description_kind":"plain","optional":true,"computed":true},"file_extension":{"type":"string","description":"File extension info","description_kind":"plain","optional":true},"header":{"type":"string","description":"Header info","description_kind":"plain","optional":true,"computed":true},"host_name":{"type":"string","description":"Host name","description_kind":"plain","required":true},"http_port":{"type":"number","description":"HTTP port number","description_kind":"plain","optional":true},"https_port":{"type":"number","description":"HTTPS port number","description_kind":"plain","optional":true},"id":{"type":"string","description_kind":"plain","optional":true,"computed":true},"origin_address":{"type":"string","description":"origin address info","description_kind":"plain","required":true},"origin_type":{"type":"string","description":"Origin type info","description_kind":"plain","optional":true},"path":{"type":"string","description":"Path details","description_kind":"plain","optional":true},"performance_configuration":{"type":"string","description":"performance configuration info","description_kind":"plain","optional":true},"protocol":{"type":"string","description":"Protocol name","description_kind":"plain","optional":true},"respect_headers":{"type":"bool","description":"respect headers info","description_kind":"plain","optional":true},"status":{"type":"string","description":"Status info of the CDN instance","description_kind":"plain","computed":true},"vendor_name":{"type":"string","description":"Vendor name","description_kind":"plain","optional":true}},"description_kind":"plain"}},"ibm_certificate_manager_import":{"version":0,"block":{"attributes":{"algorithm":{"type":"string","description_kind":"plain","computed":true},"begins_on":{"type":"number","description":"Certificate validity start date","description_kind":"plain","computed":true},"certificate_manager_instance_id":{"type":"string","description":"Instance ID of the certificate manager resource","description_kind":"plain","required":true},"data":{"type":["map","string"],"description":"certificate data","description_kind":"plain","required":true},"description":{"type":"string","description":"Description of the certificate instance","description_kind":"plain","optional":true},"expires_on":{"type":"number","description":"certificate expiry date","description_kind":"plain","computed":true},"has_previous":{"type":"string","description_kind":"plain","computed":true},"id":{"type":"string","description_kind":"plain","optional":true,"computed":true},"imported":{"type":"bool","description_kind":"plain","computed":true},"issuer":{"type":"string","description":"certificate issuer info","description_kind":"plain","computed":true},"key_algorithm":{"type":"string","description_kind":"plain","computed":true},"name":{"type":"string","description":"Name of the instance","description_kind":"plain","required":true},"status":{"type":"string","description_kind":"plain","computed":true}},"description_kind":"plain"}},"ibm_certificate_manager_order":{"version":0,"block":{"attributes":{"algorithm":{"type":"string","description":"Algorithm info","description_kind":"plain","computed":true},"auto_renew_enabled":{"type":"bool","description_kind":"plain","optional":true},"begins_on":{"type":"number","description":"Cerificate validity from date","description_kind":"plain","computed":true},"certificate_manager_instance_id":{"type":"string","description":"Certificate manager instance ID","description_kind":"plain","required":true},"description":{"type":"string","description":"Certicate description","description_kind":"plain","optional":true},"dns_provider_instance_crn":{"type":"string","description":"DNS provider instance CRN","description_kind":"plain","optional":true},"domain_validation_method":{"type":"string","description":"Domain validation methods","description_kind":"plain","optional":true},"domains":{"type":["list","string"],"description":"List of domain names","description_kind":"plain","required":true},"expires_on":{"type":"number","description":"Certificaet expairy date","description_kind":"plain","computed":true},"has_previous":{"type":"string","description":"Has Previous","description_kind":"plain","computed":true},"id":{"type":"string","description_kind":"plain","optional":true,"computed":true},"imported":{"type":"bool","description":"set to true if certificate is imported","description_kind":"plain","computed":true},"issuance_info":{"type":["map","string"],"description_kind":"plain","computed":true},"issuer":{"type":"string","description":"Certificate issuer info","description_kind":"plain","computed":true},"key_algorithm":{"type":"string","description":"Keyalgorithm info","description_kind":"plain","optional":true},"name":{"type":"string","description":"Certificate name","description_kind":"plain","required":true},"rotate_keys":{"type":"bool","description":"Keys are sorated if set to true","description_kind":"plain","optional":true},"status":{"type":"string","description":"Status  of the certificate","description_kind":"plain","computed":true}},"block_types":{"timeouts":{"nesting_mode":"single","block":{"attributes":{"create":{"type":"string","description_kind":"plain","optional":true},"update":{"type":"string","description_kind":"plain","optional":true}},"description_kind":"plain"}}},"description_kind":"plain"}},"ibm_cis":{"version":0,"block":{"attributes":{"guid":{"type":"string","description":"Unique identifier of resource instance","description_kind":"plain","computed":true},"id":{"type":"string","description_kind":"plain","optional":true,"computed":true},"location":{"type":"string","description":"The location where the instance available","description_kind":"plain","required":true},"name":{"type":"string","description":"A name for the resource instance","description_kind":"plain","required":true},"parameters":{"type":["map","string"],"description":"Arbitrary parameters to pass. Must be a JSON object","description_kind":"plain","optional":true},"plan":{"type":"string","description":"The plan type of the service","description_kind":"plain","required":true},"resource_controller_url":{"type":"string","description":"The URL of the IBM Cloud dashboard that can be used to explore and view details about the resource","description_kind":"plain","computed":true},"resource_crn":{"type":"string","description":"The crn of the resource","description_kind":"plain","computed":true},"resource_group_id":{"type":"string","description":"The resource group id","description_kind":"plain","optional":true},"resource_group_name":{"type":"string","description":"The resource group name in which resource is provisioned","description_kind":"plain","computed":true},"resource_name":{"type":"string","description":"The name of the resource","description_kind":"plain","computed":true},"resource_status":{"type":"string","description":"The status of the resource","description_kind":"plain","computed":true},"service":{"type":"string","description":"The name of the Cloud Internet Services offering","description_kind":"plain","computed":true},"status":{"type":"string","description":"Status of resource instance","description_kind":"plain","computed":true},"tags":{"type":["set","string"],"description_kind":"plain","optional":true}},"block_types":{"timeouts":{"nesting_mode":"single","block":{"attributes":{"create":{"type":"string","description_kind":"plain","optional":true},"delete":{"type":"string","description_kind":"plain","optional":true},"update":{"type":"string","description_kind":"plain","optional":true}},"description_kind":"plain"}}},"description_kind":"plain"}},"ibm_cis_dns_record":{"version":0,"block":{"attributes":{"cis_id":{"type":"string","description":"CIS object id or CRN","description_kind":"plain","required":true},"content":{"type":"string","description":"DNS record content","description_kind":"plain","optional":true},"created_on":{"type":"string","description_kind":"plain","computed":true},"data":{"type":["map","string"],"description_kind":"plain","optional":true},"domain_id":{"type":"string","description":"Associated CIS domain","description_kind":"plain","required":true},"id":{"type":"string","description_kind":"plain","optional":true,"computed":true},"modified_on":{"type":"string","description_kind":"plain","computed":true},"name":{"type":"string","description":"DNS record name","description_kind":"plain","optional":true},"priority":{"type":"number","description":"Priority Value","description_kind":"plain","optional":true},"proxiable":{"type":"bool","description_kind":"plain","computed":true},"proxied":{"type":"bool","description":"Boolean value true if proxied else flase","description_kind":"plain","optional":true},"record_id":{"type":"string","description_kind":"plain","computed":true},"ttl":{"type":"number","description":"TTL value","description_kind":"plain","optional":true},"type":{"type":"string","description":"Record type","description_kind":"plain","required":true},"zone_name":{"type":"string","description":"zone name","description_kind":"plain","computed":true}},"description_kind":"plain"}},"ibm_cis_domain":{"version":0,"block":{"attributes":{"cis_id":{"type":"string","description":"CIS object id","description_kind":"plain","required":true},"domain":{"type":"string","description":"CISzone - Domain","description_kind":"plain","required":true},"domain_id":{"type":"string","description_kind":"plain","computed":true},"id":{"type":"string","description_kind":"plain","optional":true,"computed":true},"name_servers":{"type":["list","string"],"description_kind":"plain","computed":true},"original_name_servers":{"type":["list","string"],"description_kind":"plain","computed":true},"paused":{"type":"bool","description_kind":"plain","computed":true},"status":{"type":"string","description_kind":"plain","computed":true}},"description_kind":"plain"}},"ibm_cis_domain_settings":{"version":0,"block":{"attributes":{"always_use_https":{"type":"string","description":"always_use_https setting","description_kind":"plain","optional":true,"computed":true},"automatic_https_rewrites":{"type":"string","description":"automatic_https_rewrites setting","description_kind":"plain","optional":true,"computed":true},"brotli":{"type":"string","description":"brotli setting","description_kind":"plain","optional":true,"computed":true},"browser_check":{"type":"string","description":"browser_check setting","description_kind":"plain","optional":true,"computed":true},"certificate_status":{"type":"string","description":"Certificate status","description_kind":"plain","computed":true},"cis_id":{"type":"string","description":"CIS instance crn","description_kind":"plain","required":true},"cname_flattening":{"type":"string","description":"cname_flattening setting","description_kind":"plain","optional":true,"computed":true},"domain_id":{"type":"string","description":"Associated CIS domain","description_kind":"plain","required":true},"hotlink_protection":{"type":"string","description":"hotlink_protection setting","description_kind":"plain","optional":true,"computed":true},"http2":{"type":"string","description":"http2 setting","description_kind":"plain","optional":true,"computed":true},"id":{"type":"string","description_kind":"plain","optional":true,"computed":true},"image_load_optimization":{"type":"string","description":"image_load_optimization setting","description_kind":"plain","optional":true,"computed":true},"image_size_optimization":{"type":"string","description":"image_size_optimization setting","description_kind":"plain","optional":true,"computed":true},"ip_geolocation":{"type":"string","description":"ip_geolocation setting","description_kind":"plain","optional":true,"computed":true},"ipv6":{"type":"string","description":"ipv6 setting","description_kind":"plain","optional":true,"computed":true},"min_tls_version":{"type":"string","description":"Minimum version of TLS required","description_kind":"plain","optional":true},"opportunistic_encryption":{"type":"string","description":"opportunistic_encryption setting","description_kind":"plain","optional":true,"computed":true},"origin_error_page_pass_thru":{"type":"string","description":"origin_error_page_pass_thru setting","description_kind":"plain","optional":true,"computed":true},"prefetch_preload":{"type":"string","description":"prefetch_preload setting","description_kind":"plain","optional":true,"computed":true},"pseudo_ipv4":{"type":"string","description":"pseudo_ipv4 setting","description_kind":"plain","optional":true,"computed":true},"response_buffering":{"type":"string","description":"response_buffering setting","description_kind":"plain","optional":true,"computed":true},"script_load_optimization":{"type":"string","description":"script_load_optimization setting","description_kind":"plain","optional":true,"computed":true},"server_side_exclude":{"type":"string","description":"server_side_exclude setting","description_kind":"plain","optional":true,"computed":true},"ssl":{"type":"string","description":"SSL/TLS setting","description_kind":"plain","optional":true,"computed":true},"tls_client_auth":{"type":"string","description":"tls_client_auth setting","description_kind":"plain","optional":true,"computed":true},"true_client_ip_header":{"type":"string","description":"true_client_ip_header setting","description_kind":"plain","optional":true,"computed":true},"waf":{"type":"string","description":"WAF setting","description_kind":"plain","optional":true,"computed":true},"websockets":{"type":"string","description":"websockets setting","description_kind":"plain","optional":true,"computed":true}},"description_kind":"plain"}},"ibm_cis_firewall":{"version":0,"block":{"attributes":{"cis_id":{"type":"string","description":"CIS object id","description_kind":"plain","required":true},"domain_id":{"type":"string","description":"Associated CIS domain","description_kind":"plain","required":true},"firewall_type":{"type":"string","description":"Type of firewall.Allowable values are access-rules,ua-rules,lockdowns","description_kind":"plain","required":true},"id":{"type":"string","description_kind":"plain","optional":true,"computed":true}},"block_types":{"lockdown":{"nesting_mode":"list","block":{"attributes":{"description":{"type":"string","description_kind":"plain","optional":true},"lockdown_id":{"type":"string","description_kind":"plain","computed":true},"paused":{"type":"bool","description_kind":"plain","optional":true},"priority":{"type":"number","description_kind":"plain","optional":true},"urls":{"type":["list","string"],"description_kind":"plain","optional":true}},"block_types":{"configurations":{"nesting_mode":"list","block":{"attributes":{"target":{"type":"string","description_kind":"plain","optional":true},"value":{"type":"string","description_kind":"plain","optional":true}},"description_kind":"plain"}}},"description_kind":"plain"},"max_items":1}},"description_kind":"plain"}},"ibm_cis_global_load_balancer":{"version":0,"block":{"attributes":{"cis_id":{"type":"string","description":"CIS instance crn","description_kind":"plain","required":true},"created_on":{"type":"string","description":"Load balancer creation date","description_kind":"plain","computed":true},"default_pool_ids":{"type":["set","string"],"description":"List of default Pool IDs","description_kind":"plain","required":true},"description":{"type":"string","description":"Description for the load balancer instance","description_kind":"plain","optional":true},"domain_id":{"type":"string","description":"Associated CIS domain","description_kind":"plain","required":true},"enabled":{"type":"bool","description":"set to true of LB needs to enabled","description_kind":"plain","optional":true},"fallback_pool_id":{"type":"string","description":"fallback pool ID","description_kind":"plain","required":true},"id":{"type":"string","description_kind":"plain","optional":true,"computed":true},"modified_on":{"type":"string","description":"Load balancer modified date","description_kind":"plain","computed":true},"name":{"type":"string","description":"name","description_kind":"plain","required":true},"proxied":{"type":"bool","description":"set to true if proxy needs to be enabled","description_kind":"plain","optional":true},"session_affinity":{"type":"string","description":"Session affinity info","description_kind":"plain","optional":true},"ttl":{"type":"number","description":"TTL value","description_kind":"plain","optional":true}},"block_types":{"pop_pools":{"nesting_mode":"set","block":{"attributes":{"pool_ids":{"type":["list","string"],"description_kind":"plain","required":true},"pop":{"type":"string","description_kind":"plain","required":true}},"description_kind":"plain"}},"region_pools":{"nesting_mode":"set","block":{"attributes":{"pool_ids":{"type":["list","string"],"description_kind":"plain","required":true},"region":{"type":"string","description_kind":"plain","required":true}},"description_kind":"plain"}}},"description_kind":"plain"}},"ibm_cis_healthcheck":{"version":0,"block":{"attributes":{"allow_insecure":{"type":"bool","description":"allow_insecure","description_kind":"plain","optional":true},"cis_id":{"type":"string","description":"CIS instance crn","description_kind":"plain","required":true},"create_on":{"type":"string","description_kind":"plain","computed":true},"description":{"type":"string","description":"description","description_kind":"plain","optional":true},"expected_body":{"type":"string","description":"expected_body","description_kind":"plain","optional":true},"expected_codes":{"type":"string","description":"expected_codes","description_kind":"plain","optional":true},"follow_redirects":{"type":"bool","description":"follow_redirects","description_kind":"plain","optional":true},"id":{"type":"string","description_kind":"plain","optional":true,"computed":true},"interval":{"type":"number","description":"interval","description_kind":"plain","optional":true},"method":{"type":"string","description":"method","description_kind":"plain","optional":true},"modified_on":{"type":"string","description_kind":"plain","computed":true},"monitor_id":{"type":"string","description":"GLB Monitor/Health check id","description_kind":"plain","computed":true},"path":{"type":"string","description":"path","description_kind":"plain","optional":true},"port":{"type":"number","description":"port number","description_kind":"plain","optional":true,"computed":true},"retries":{"type":"number","description":"retries","description_kind":"plain","optional":true},"timeout":{"type":"number","description":"timeout","description_kind":"plain","optional":true},"type":{"type":"string","description":"type","description_kind":"plain","optional":true}},"description_kind":"plain"}},"ibm_cis_origin_pool":{"version":0,"block":{"attributes":{"check_regions":{"type":["set","string"],"description":"List of regions","description_kind":"plain","required":true},"cis_id":{"type":"string","description":"CIS instance crn","description_kind":"plain","required":true},"created_on":{"type":"string","description":"Creation date info","description_kind":"plain","computed":true},"description":{"type":"string","description":"Description of the CIS Origin Pool","description_kind":"plain","optional":true},"enabled":{"type":"bool","description":"Boolean value set to true if cis origin pool needs to be enabled","description_kind":"plain","required":true},"health":{"type":"string","description":"Health info","description_kind":"plain","computed":true},"id":{"type":"string","description_kind":"plain","optional":true,"computed":true},"minimum_origins":{"type":"number","description":"Minimum number of Origins","description_kind":"plain","optional":true},"modified_on":{"type":"string","description":"Modified date info","description_kind":"plain","computed":true},"monitor":{"type":"string","description":"Monitor value","description_kind":"plain","optional":true},"name":{"type":"string","description":"name","description_kind":"plain","required":true},"notification_email":{"type":"string","description":"Email address configured to recieve the notifications","description_kind":"plain","optional":true}},"block_types":{"origins":{"nesting_mode":"set","block":{"attributes":{"address":{"type":"string","description_kind":"plain","required":true},"enabled":{"type":"bool","description_kind":"plain","required":true},"healthy":{"type":"bool","description_kind":"plain","computed":true},"name":{"type":"string","description_kind":"plain","required":true},"weight":{"type":"number","description_kind":"plain","optional":true}},"description_kind":"plain"},"min_items":1}},"description_kind":"plain"}},"ibm_cis_rate_limit":{"version":0,"block":{"attributes":{"cis_id":{"type":"string","description":"CIS Intance CRN","description_kind":"plain","required":true},"description":{"type":"string","description":"A note that you can use to describe the reason for a rate limiting rule.","description_kind":"plain","optional":true},"disabled":{"type":"bool","description":"Whether this rate limiting rule is currently disabled.","description_kind":"plain","optional":true},"domain_id":{"type":"string","description":"CIS Domain ID","description_kind":"plain","required":true},"id":{"type":"string","description_kind":"plain","optional":true,"computed":true},"period":{"type":"number","description":"Rate Limiting Period","description_kind":"plain","required":true},"rule_id":{"type":"string","description":"Rate Limit rule Id","description_kind":"plain","computed":true},"threshold":{"type":"number","description":"Rate Limiting Threshold","description_kind":"plain","required":true}},"block_types":{"action":{"nesting_mode":"list","block":{"attributes":{"mode":{"type":"string","description":"Type of action performed.Valid values are: 'simulate', 'ban', 'challenge', 'js_challenge'.","description_kind":"plain","required":true},"timeout":{"type":"number","description":"The time to perform the mitigation action. Timeout be the same or greater than the period.","description_kind":"plain","optional":true}},"block_types":{"response":{"nesting_mode":"list","block":{"attributes":{"body":{"type":"string","description":"The body to return. The content here must confirm to the 'content_type'","description_kind":"plain","required":true},"content_type":{"type":"string","description":"Custom content-type and body to return. It must be one of following 'text/plain', 'text/xml', 'application/json'.","description_kind":"plain","required":true}},"description_kind":"plain"},"max_items":1}},"description_kind":"plain"},"min_items":1,"max_items":1},"bypass":{"nesting_mode":"list","block":{"attributes":{"name":{"type":"string","description":"bypass URL name","description_kind":"plain","optional":true},"value":{"type":"string","description":"bypass URL value","description_kind":"plain","optional":true}},"description_kind":"plain"}},"correlate":{"nesting_mode":"list","block":{"attributes":{"by":{"type":"string","description":"Whether to enable NAT based rate limiting","description_kind":"plain","optional":true}},"description_kind":"plain"},"max_items":1},"match":{"nesting_mode":"list","block":{"block_types":{"request":{"nesting_mode":"list","block":{"attributes":{"methods":{"type":["set","string"],"description":"HTTP Methos of matching request. It can be one or many. Example methods 'POST', 'PUT'","description_kind":"plain","optional":true},"schemes":{"type":["set","string"],"description":"HTTP Schemes of matching request. It can be one or many. Example schemes 'HTTP', 'HTTPS'.","description_kind":"plain","optional":true},"url":{"type":"string","description":"URL pattern of matching request","description_kind":"plain","optional":true}},"description_kind":"plain"},"max_items":1},"response":{"nesting_mode":"list","block":{"attributes":{"origin_traffic":{"type":"bool","description":"Origin Traffic of matching response.","description_kind":"plain","optional":true},"status":{"type":["set","number"],"description":"HTTP Status Codes of matching response. It can be one or many. Example status codes '403', '401","description_kind":"plain","optional":true}},"block_types":{"headers":{"nesting_mode":"list","block":{"attributes":{"name":{"type":"string","description":"The name of the response header to match.","description_kind":"plain","optional":true},"op":{"type":"string","description":"The operator when matching. Valid values are 'eq' and 'ne'.","description_kind":"plain","optional":true},"value":{"type":"string","description":"The value of the header, which is exactly matched.","description_kind":"plain","optional":true}},"description_kind":"plain"}}},"description_kind":"plain"},"max_items":1}},"description_kind":"plain"},"max_items":1}},"description_kind":"plain"}},"ibm_compute_autoscale_group":{"version":0,"block":{"attributes":{"cooldown":{"type":"number","description":"Cooldown value","description_kind":"plain","required":true},"health_check":{"type":["map","string"],"description_kind":"plain","optional":true},"id":{"type":"string","description_kind":"plain","optional":true,"computed":true},"maximum_member_count":{"type":"number","description":"Maximum member count","description_kind":"plain","required":true},"minimum_member_count":{"type":"number","description":"Minimum member count","description_kind":"plain","required":true},"name":{"type":"string","description":"Name","description_kind":"plain","required":true},"network_vlan_ids":{"type":["set","number"],"description":"List of network VLAN ids","description_kind":"plain","optional":true},"port":{"type":"number","description":"Port number","description_kind":"plain","optional":true},"regional_group":{"type":"string","description":"regional group","description_kind":"plain","required":true},"tags":{"type":["set","string"],"description":"List of tags","description_kind":"plain","optional":true},"termination_policy":{"type":"string","description":"Termination policy","description_kind":"plain","required":true},"virtual_server_id":{"type":"number","description":"virtual server ID","description_kind":"plain","optional":true}},"block_types":{"virtual_guest_member_template":{"nesting_mode":"list","block":{"attributes":{"block_storage_ids":{"type":["set","number"],"description_kind":"plain","optional":true,"computed":true},"cores":{"type":"number","description_kind":"plain","optional":true,"computed":true},"datacenter":{"type":"string","description_kind":"plain","optional":true,"computed":true},"datacenter_choice":{"type":["list",["map","string"]],"description":"The user provided datacenter options","description_kind":"plain","optional":true},"dedicated_acct_host_only":{"type":"bool","description_kind":"plain","optional":true},"dedicated_host_id":{"type":"number","description_kind":"plain","optional":true},"dedicated_host_name":{"type":"string","description_kind":"plain","optional":true},"disks":{"type":["list","number"],"description_kind":"plain","optional":true,"computed":true},"domain":{"type":"string","description_kind":"plain","optional":true},"evault":{"type":"number","description_kind":"plain","optional":true},"file_storage_ids":{"type":["set","number"],"description_kind":"plain","optional":true,"computed":true},"flavor_key_name":{"type":"string","description":"Flavor key name used to provision vm.","description_kind":"plain","optional":true},"hostname":{"type":"string","description_kind":"plain","optional":true},"hourly_billing":{"type":"bool","description_kind":"plain","optional":true},"image_id":{"type":"number","description_kind":"plain","optional":true},"ip_address_id":{"type":"number","description_kind":"plain","computed":true},"ip_address_id_private":{"type":"number","description_kind":"plain","computed":true},"ipv4_address":{"type":"string","description_kind":"plain","computed":true},"ipv4_address_private":{"type":"string","description_kind":"plain","computed":true},"ipv6_address":{"type":"string","description_kind":"plain","computed":true},"ipv6_address_id":{"type":"number","description_kind":"plain","computed":true},"ipv6_enabled":{"type":"bool","description_kind":"plain","optional":true},"ipv6_static_enabled":{"type":"bool","description_kind":"plain","optional":true},"local_disk":{"type":"bool","description_kind":"plain","optional":true},"memory":{"type":"number","description_kind":"plain","optional":true,"computed":true},"network_speed":{"type":"number","description_kind":"plain","optional":true},"notes":{"type":"string","description_kind":"plain","optional":true},"os_reference_code":{"type":"string","description_kind":"plain","optional":true},"placement_group_id":{"type":"number","description":"The placement group id","description_kind":"plain","optional":true},"placement_group_name":{"type":"string","description":"The placement group name","description_kind":"plain","optional":true},"post_install_script_uri":{"type":"string","description_kind":"plain","optional":true},"private_interface_id":{"type":"number","description_kind":"plain","computed":true},"private_network_only":{"type":"bool","description_kind":"plain","optional":true},"private_security_group_ids":{"type":["set","number"],"description_kind":"plain","optional":true,"computed":true},"private_subnet":{"type":"string","description_kind":"plain","optional":true,"computed":true},"private_subnet_id":{"type":"number","description_kind":"plain","computed":true},"private_vlan_id":{"type":"number","description_kind":"plain","optional":true,"computed":true},"public_bandwidth_limited":{"type":"number","description_kind":"plain","optional":true,"computed":true},"public_bandwidth_unlimited":{"type":"bool","description_kind":"plain","optional":true},"public_interface_id":{"type":"number","description_kind":"plain","computed":true},"public_ipv6_subnet":{"type":"string","description_kind":"plain","computed":true},"public_ipv6_subnet_id":{"type":"string","description_kind":"plain","computed":true},"public_security_group_ids":{"type":["set","number"],"description_kind":"plain","optional":true,"computed":true},"public_subnet":{"type":"string","description_kind":"plain","optional":true,"computed":true},"public_subnet_id":{"type":"number","description_kind":"plain","computed":true},"public_vlan_id":{"type":"number","description_kind":"plain","optional":true,"computed":true},"resource_controller_url":{"type":"string","description":"The URL of the IBM Cloud dashboard that can be used to explore and view details about this instance","description_kind":"plain","computed":true},"resource_name":{"type":"string","description":"The name of the resource","description_kind":"plain","computed":true},"resource_status":{"type":"string","description":"The status of the resource","description_kind":"plain","computed":true},"secondary_ip_addresses":{"type":["list","string"],"description_kind":"plain","computed":true},"secondary_ip_count":{"type":"number","description_kind":"plain","optional":true},"ssh_key_ids":{"type":["set","number"],"description_kind":"plain","optional":true},"tags":{"type":["set","string"],"description_kind":"plain","optional":true},"transient":{"type":"bool","description_kind":"plain","optional":true},"user_metadata":{"type":"string","description_kind":"plain","optional":true}},"block_types":{"bulk_vms":{"nesting_mode":"set","block":{"attributes":{"domain":{"type":"string","description_kind":"plain","required":true},"hostname":{"type":"string","description_kind":"plain","required":true}},"description_kind":"plain"}}},"description_kind":"plain"},"min_items":1}},"description_kind":"plain"}},"ibm_compute_autoscale_policy":{"version":0,"block":{"attributes":{"cooldown":{"type":"number","description":"cooldown value","description_kind":"plain","optional":true},"id":{"type":"string","description_kind":"plain","optional":true,"computed":true},"name":{"type":"string","description":"Name","description_kind":"plain","required":true},"scale_amount":{"type":"number","description":"Scale amount","description_kind":"plain","required":true},"scale_group_id":{"type":"number","description":"scale group ID","description_kind":"plain","required":true},"scale_type":{"type":"string","description":"scale type","description_kind":"plain","required":true},"tags":{"type":["set","string"],"description":"List of tags","description_kind":"plain","optional":true}},"block_types":{"triggers":{"nesting_mode":"set","block":{"attributes":{"date":{"type":"string","description_kind":"plain","optional":true},"id":{"type":"number","description_kind":"plain","computed":true},"schedule":{"type":"string","description_kind":"plain","optional":true},"type":{"type":"string","description_kind":"plain","required":true}},"block_types":{"watches":{"nesting_mode":"set","block":{"attributes":{"id":{"type":"number","description_kind":"plain","computed":true},"metric":{"type":"string","description_kind":"plain","required":true},"operator":{"type":"string","description_kind":"plain","required":true},"period":{"type":"number","description_kind":"plain","required":true},"value":{"type":"string","description_kind":"plain","required":true}},"description_kind":"plain"}}},"description_kind":"plain"}}},"description_kind":"plain"}},"ibm_compute_bare_metal":{"version":0,"block":{"attributes":{"block_storage_ids":{"type":["set","number"],"description_kind":"plain","optional":true,"computed":true},"datacenter":{"type":"string","description_kind":"plain","optional":true,"computed":true},"disk_key_names":{"type":["list","string"],"description_kind":"plain","optional":true},"domain":{"type":"string","description":"Domain name","description_kind":"plain","required":true},"extended_hardware_testing":{"type":"bool","description_kind":"plain","optional":true},"file_storage_ids":{"type":["set","number"],"description_kind":"plain","optional":true,"computed":true},"fixed_config_preset":{"type":"string","description":"Fixed config preset value","description_kind":"plain","optional":true},"global_identifier":{"type":"string","description":"The unique global identifier of the bare metal server","description_kind":"plain","computed":true},"gpu_key_name":{"type":"string","description_kind":"plain","optional":true},"gpu_secondary_key_name":{"type":"string","description_kind":"plain","optional":true},"hostname":{"type":"string","description":"Host name","description_kind":"plain","optional":true},"hourly_billing":{"type":"bool","description":"Enables hourly billing","description_kind":"plain","optional":true},"id":{"type":"string","description_kind":"plain","optional":true,"computed":true},"image_template_id":{"type":"number","description":"OS image template ID","description_kind":"plain","optional":true},"ipv6_address":{"type":"string","description_kind":"plain","computed":true},"ipv6_address_id":{"type":"number","description_kind":"plain","computed":true},"ipv6_enabled":{"type":"bool","description":"Boolean value true if IPV6 ia enabled or false","description_kind":"plain","optional":true},"ipv6_static_enabled":{"type":"bool","description":"boolean value true if ipv6 static is enabled else false","description_kind":"plain","optional":true},"memory":{"type":"number","description_kind":"plain","optional":true,"computed":true},"network_speed":{"type":"number","description":"Network speed in MBPS","description_kind":"plain","optional":true},"notes":{"type":"string","description":"Optional notes info","description_kind":"plain","optional":true},"os_key_name":{"type":"string","description_kind":"plain","optional":true},"os_reference_code":{"type":"string","description":"OS refernece code value","description_kind":"plain","optional":true,"computed":true},"package_key_name":{"type":"string","description_kind":"plain","optional":true},"post_install_script_uri":{"type":"string","description_kind":"plain","optional":true},"private_ipv4_address":{"type":"string","description_kind":"plain","computed":true},"private_ipv4_address_id":{"type":"number","description_kind":"plain","computed":true},"private_network_only":{"type":"bool","description":"only private network configured if is true","description_kind":"plain","optional":true},"private_subnet":{"type":"string","description_kind":"plain","optional":true,"computed":true},"private_vlan_id":{"type":"number","description_kind":"plain","optional":true,"computed":true},"process_key_name":{"type":"string","description_kind":"plain","optional":true},"public_bandwidth":{"type":"number","description_kind":"plain","optional":true,"computed":true},"public_ipv4_address":{"type":"string","description_kind":"plain","computed":true},"public_ipv4_address_id":{"type":"number","description_kind":"plain","computed":true},"public_subnet":{"type":"string","description_kind":"plain","optional":true,"computed":true},"public_vlan_id":{"type":"number","description_kind":"plain","optional":true,"computed":true},"quote_id":{"type":"number","description":"Quote ID for Quote based provisioning","description_kind":"plain","optional":true},"redundant_network":{"type":"bool","description_kind":"plain","optional":true},"redundant_power_supply":{"type":"bool","description_kind":"plain","optional":true,"computed":true},"restricted_network":{"type":"bool","description_kind":"plain","optional":true},"secondary_ip_addresses":{"type":["list","string"],"description_kind":"plain","computed":true},"secondary_ip_count":{"type":"number","description":"Secondary IP addresses count","description_kind":"plain","optional":true},"software_guard_extensions":{"type":"bool","description_kind":"plain","optional":true},"ssh_key_ids":{"type":["list","number"],"description":"SSH KEY IDS list","description_kind":"plain","optional":true},"tags":{"type":["set","string"],"description_kind":"plain","optional":true},"tcp_monitoring":{"type":"bool","description":"TCP monitoring enabled if set as true","description_kind":"plain","optional":true},"unbonded_network":{"type":"bool","description_kind":"plain","optional":true},"user_metadata":{"type":"string","description":"User metadata info","description_kind":"plain","optional":true}},"block_types":{"storage_groups":{"nesting_mode":"list","block":{"attributes":{"array_size":{"type":"number","description":"Array size of harddrives list","description_kind":"plain","optional":true},"array_type_id":{"type":"number","description":"Array type ID","description_kind":"plain","required":true},"hard_drives":{"type":["list","number"],"description":"Hard-drives List","description_kind":"plain","required":true},"partition_template_id":{"type":"number","description":"Partition template ID","description_kind":"plain","optional":true}},"description_kind":"plain"}}},"description_kind":"plain"}},"ibm_compute_dedicated_host":{"version":0,"block":{"attributes":{"cpu_count":{"type":"number","description":"The capacity that the dedicated host's CPU allocation is restricted to.","description_kind":"plain","computed":true},"datacenter":{"type":"string","description":"The data center in which the dedicatated host is to be provisioned.","description_kind":"plain","required":true},"disk_capacity":{"type":"number","description":"The capacity that the dedicated host's disk allocation is restricted to.","description_kind":"plain","computed":true},"domain":{"type":"string","description":"The domain of dedicatated host.","description_kind":"plain","required":true},"flavor":{"type":"string","description":"The flavor of the dedicatated host.","description_kind":"plain","optional":true},"hostname":{"type":"string","description":"The host name of dedicatated host.","description_kind":"plain","required":true},"hourly_billing":{"type":"bool","description":"The billing type for the dedicatated host.","description_kind":"plain","optional":true},"id":{"type":"string","description_kind":"plain","optional":true,"computed":true},"memory_capacity":{"type":"number","description":"The capacity that the dedicated host's memory allocation is restricted to.","description_kind":"plain","computed":true},"router_hostname":{"type":"string","description":"The hostname of the primary router that the dedicated host is associated with.","description_kind":"plain","required":true},"tags":{"type":["set","string"],"description_kind":"plain","optional":true},"wait_time_minutes":{"type":"number","description_kind":"plain","optional":true}},"description_kind":"plain"}},"ibm_compute_monitor":{"version":0,"block":{"attributes":{"guest_id":{"type":"number","description":"Guest ID","description_kind":"plain","required":true},"id":{"type":"string","description_kind":"plain","optional":true,"computed":true},"ip_address":{"type":"string","description":"IP Address","description_kind":"plain","optional":true},"notified_users":{"type":["set","number"],"description":"List of users notified","description_kind":"plain","optional":true,"computed":true},"query_type_id":{"type":"number","description":"Query Type ID","description_kind":"plain","required":true},"response_action_id":{"type":"number","description":"Response action ID","description_kind":"plain","required":true},"tags":{"type":["set","string"],"description":"List of tags","description_kind":"plain","optional":true},"wait_cycles":{"type":"number","description":"wait cycles count","description_kind":"plain","optional":true}},"description_kind":"plain"}},"ibm_compute_placement_group":{"version":0,"block":{"attributes":{"datacenter":{"type":"string","description":"Dataceneter name","description_kind":"plain","required":true},"id":{"type":"string","description_kind":"plain","optional":true,"computed":true},"name":{"type":"string","description":"Name","description_kind":"plain","required":true},"pod":{"type":"string","description":"Pod name","description_kind":"plain","required":true},"rule":{"type":"string","description":"Rule info","description_kind":"plain","optional":true},"tags":{"type":["set","string"],"description":"List of tags","description_kind":"plain","optional":true}},"block_types":{"timeouts":{"nesting_mode":"single","block":{"attributes":{"delete":{"type":"string","description_kind":"plain","optional":true}},"description_kind":"plain"}}},"description_kind":"plain"}},"ibm_compute_provisioning_hook":{"version":0,"block":{"attributes":{"id":{"type":"string","description_kind":"plain","optional":true,"computed":true},"name":{"type":"string","description":"Provision hook name","description_kind":"plain","required":true},"tags":{"type":["set","string"],"description":"Tags associated with resource","description_kind":"plain","optional":true},"uri":{"type":"string","description":"URI of the hook","description_kind":"plain","required":true}},"description_kind":"plain"}},"ibm_compute_ssh_key":{"version":0,"block":{"attributes":{"fingerprint":{"type":"string","description":"SSH key fingerprint","description_kind":"plain","computed":true},"id":{"type":"string","description_kind":"plain","optional":true,"computed":true},"label":{"type":"string","description":"SSH Key label","description_kind":"plain","required":true},"notes":{"type":"string","description":"Additional notes","description_kind":"plain","optional":true},"public_key":{"type":"string","description":"Plublic Key info","description_kind":"plain","required":true},"tags":{"type":["set","string"],"description":"List of tags for the resource","description_kind":"plain","optional":true}},"description_kind":"plain"}},"ibm_compute_ssl_certificate":{"version":0,"block":{"attributes":{"certificate":{"type":"string","description":"SSL Certifcate","description_kind":"plain","required":true},"common_name":{"type":"string","description":"Common name","description_kind":"plain","computed":true},"create_date":{"type":"string","description":"certificate creation date","description_kind":"plain","computed":true},"id":{"type":"string","description_kind":"plain","optional":true,"computed":true},"intermediate_certificate":{"type":"string","description":"Intermediate certificate value","description_kind":"plain","optional":true},"key_size":{"type":"number","description":"SSL key size","description_kind":"plain","computed":true},"modify_date":{"type":"string","description":"certificate modificatiob date","description_kind":"plain","computed":true},"organization_name":{"type":"string","description":"Organization name","description_kind":"plain","computed":true},"private_key":{"type":"string","description":"SSL Private Key","description_kind":"plain","required":true,"sensitive":true},"tags":{"type":["set","string"],"description":"Tags set for resource","description_kind":"plain","optional":true},"validity_begin":{"type":"string","description":"Validity begins from","description_kind":"plain","computed":true},"validity_days":{"type":"number","description":"Validity days","description_kind":"plain","computed":true},"validity_end":{"type":"string","description":"Validity ends before","description_kind":"plain","computed":true}},"description_kind":"plain"}},"ibm_compute_user":{"version":0,"block":{"attributes":{"address1":{"type":"string","description":"Address info of the user","description_kind":"plain","required":true},"address2":{"type":"string","description":"Address info of the user","description_kind":"plain","optional":true},"api_key":{"type":"string","description":"API key for the user","description_kind":"plain","optional":true,"computed":true,"sensitive":true},"city":{"type":"string","description":"City name","description_kind":"plain","required":true},"company_name":{"type":"string","description":"comapany name","description_kind":"plain","required":true},"country":{"type":"string","description":"Country name","description_kind":"plain","required":true},"email":{"type":"string","description":"email address of the user","description_kind":"plain","required":true},"first_name":{"type":"string","description":"First name of the user","description_kind":"plain","required":true},"has_api_key":{"type":"bool","description":"API Key info of the user","description_kind":"plain","optional":true},"ibm_id":{"type":"string","description":"IBM ID of the  user","description_kind":"plain","computed":true},"id":{"type":"string","description_kind":"plain","optional":true,"computed":true},"last_name":{"type":"string","description":"Last name of the user","description_kind":"plain","required":true},"password":{"type":"string","description":"password for the user","description_kind":"plain","optional":true,"sensitive":true},"permissions":{"type":["set","string"],"description":"set of persmissions assigned for the user","description_kind":"plain","optional":true},"state":{"type":"string","description":"Satate name","description_kind":"plain","required":true},"tags":{"type":["set","string"],"description":"Tags set for the resources","description_kind":"plain","optional":true},"timezone":{"type":"string","description":"time zone info","description_kind":"plain","required":true},"user_status":{"type":"string","description":"user status info","description_kind":"plain","optional":true},"username":{"type":"string","description":"user name","description_kind":"plain","optional":true,"computed":true}},"description_kind":"plain"}},"ibm_compute_vm_instance":{"version":0,"block":{"attributes":{"block_storage_ids":{"type":["set","number"],"description_kind":"plain","optional":true,"computed":true},"cores":{"type":"number","description_kind":"plain","optional":true,"computed":true},"datacenter":{"type":"string","description_kind":"plain","optional":true,"computed":true},"datacenter_choice":{"type":["list",["map","string"]],"description":"The user provided datacenter options","description_kind":"plain","optional":true},"dedicated_acct_host_only":{"type":"bool","description_kind":"plain","optional":true},"dedicated_host_id":{"type":"number","description_kind":"plain","optional":true},"dedicated_host_name":{"type":"string","description_kind":"plain","optional":true},"disks":{"type":["list","number"],"description_kind":"plain","optional":true,"computed":true},"domain":{"type":"string","description_kind":"plain","optional":true},"evault":{"type":"number","description_kind":"plain","optional":true},"file_storage_ids":{"type":["set","number"],"description_kind":"plain","optional":true,"computed":true},"flavor_key_name":{"type":"string","description":"Flavor key name used to provision vm.","description_kind":"plain","optional":true},"hostname":{"type":"string","description_kind":"plain","optional":true},"hourly_billing":{"type":"bool","description_kind":"plain","optional":true},"id":{"type":"string","description_kind":"plain","optional":true,"computed":true},"image_id":{"type":"number","description_kind":"plain","optional":true},"ip_address_id":{"type":"number","description_kind":"plain","computed":true},"ip_address_id_private":{"type":"number","description_kind":"plain","computed":true},"ipv4_address":{"type":"string","description_kind":"plain","computed":true},"ipv4_address_private":{"type":"string","description_kind":"plain","computed":true},"ipv6_address":{"type":"string","description_kind":"plain","computed":true},"ipv6_address_id":{"type":"number","description_kind":"plain","computed":true},"ipv6_enabled":{"type":"bool","description_kind":"plain","optional":true},"ipv6_static_enabled":{"type":"bool","description_kind":"plain","optional":true},"local_disk":{"type":"bool","description_kind":"plain","optional":true},"memory":{"type":"number","description_kind":"plain","optional":true,"computed":true},"network_speed":{"type":"number","description_kind":"plain","optional":true},"notes":{"type":"string","description_kind":"plain","optional":true},"os_reference_code":{"type":"string","description_kind":"plain","optional":true},"placement_group_id":{"type":"number","description":"The placement group id","description_kind":"plain","optional":true},"placement_group_name":{"type":"string","description":"The placement group name","description_kind":"plain","optional":true},"post_install_script_uri":{"type":"string","description_kind":"plain","optional":true},"private_interface_id":{"type":"number","description_kind":"plain","computed":true},"private_network_only":{"type":"bool","description_kind":"plain","optional":true},"private_security_group_ids":{"type":["set","number"],"description_kind":"plain","optional":true,"computed":true},"private_subnet":{"type":"string","description_kind":"plain","optional":true,"computed":true},"private_subnet_id":{"type":"number","description_kind":"plain","computed":true},"private_vlan_id":{"type":"number","description_kind":"plain","optional":true,"computed":true},"public_bandwidth_limited":{"type":"number","description_kind":"plain","optional":true,"computed":true},"public_bandwidth_unlimited":{"type":"bool","description_kind":"plain","optional":true},"public_interface_id":{"type":"number","description_kind":"plain","computed":true},"public_ipv6_subnet":{"type":"string","description_kind":"plain","computed":true},"public_ipv6_subnet_id":{"type":"string","description_kind":"plain","computed":true},"public_security_group_ids":{"type":["set","number"],"description_kind":"plain","optional":true,"computed":true},"public_subnet":{"type":"string","description_kind":"plain","optional":true,"computed":true},"public_subnet_id":{"type":"number","description_kind":"plain","computed":true},"public_vlan_id":{"type":"number","description_kind":"plain","optional":true,"computed":true},"resource_controller_url":{"type":"string","description":"The URL of the IBM Cloud dashboard that can be used to explore and view details about this instance","description_kind":"plain","computed":true},"resource_name":{"type":"string","description":"The name of the resource","description_kind":"plain","computed":true},"resource_status":{"type":"string","description":"The status of the resource","description_kind":"plain","computed":true},"secondary_ip_addresses":{"type":["list","string"],"description_kind":"plain","computed":true},"secondary_ip_count":{"type":"number","description_kind":"plain","optional":true},"ssh_key_ids":{"type":["set","number"],"description_kind":"plain","optional":true},"tags":{"type":["set","string"],"description_kind":"plain","optional":true},"transient":{"type":"bool","description_kind":"plain","optional":true},"user_metadata":{"type":"string","description_kind":"plain","optional":true},"wait_time_minutes":{"type":"number","description_kind":"plain","optional":true}},"block_types":{"bulk_vms":{"nesting_mode":"set","block":{"attributes":{"domain":{"type":"string","description_kind":"plain","required":true},"hostname":{"type":"string","description_kind":"plain","required":true}},"description_kind":"plain"}}},"description_kind":"plain"}},"ibm_container_addons":{"version":0,"block":{"attributes":{"cluster":{"type":"string","description":"Cluster Name or ID","description_kind":"plain","required":true},"id":{"type":"string","description_kind":"plain","optional":true,"computed":true}},"block_types":{"addons":{"nesting_mode":"set","block":{"attributes":{"allowed_upgrade_versions":{"type":["list","string"],"description":"The versions that the addon can be upgraded to","description_kind":"plain","computed":true},"deprecated":{"type":"bool","description":"Determines if this addon version is deprecated","description_kind":"plain","computed":true},"health_state":{"type":"string","description":"The health state for this addon, a short indication (e.g. critical, pending)","description_kind":"plain","computed":true},"health_status":{"type":"string","description":"The health status for this addon, provides a description of the state (e.g. error message)","description_kind":"plain","computed":true},"min_kube_version":{"type":"string","description":"The minimum kubernetes version for this addon.","description_kind":"plain","computed":true},"min_ocp_version":{"type":"string","description":"The minimum OpenShift version for this addon.","description_kind":"plain","computed":true},"name":{"type":"string","description":"The addon name such as 'istio'.","description_kind":"plain","required":true},"supported_kube_range":{"type":"string","description":"The supported kubernetes version range for this addon.","description_kind":"plain","computed":true},"target_version":{"type":"string","description":"The addon target version.","description_kind":"plain","computed":true},"version":{"type":"string","description":"The addon version, omit the version if you wish to use the default version.","description_kind":"plain","optional":true,"computed":true},"vlan_spanning_required":{"type":"bool","description":"VLAN spanning required for multi-zone clusters","description_kind":"plain","computed":true}},"description_kind":"plain"},"min_items":1},"timeouts":{"nesting_mode":"single","block":{"attributes":{"create":{"type":"string","description_kind":"plain","optional":true},"update":{"type":"string","description_kind":"plain","optional":true}},"description_kind":"plain"}}},"description_kind":"plain"}},"ibm_container_alb":{"version":0,"block":{"attributes":{"alb_id":{"type":"string","description":"ALB ID","description_kind":"plain","required":true},"alb_type":{"type":"string","description":"ALB type","description_kind":"plain","computed":true},"cluster":{"type":"string","description":"Cluster id","description_kind":"plain","computed":true},"disable_deployment":{"type":"bool","description":"Set to true if ALB needs to be disabled","description_kind":"plain","optional":true,"computed":true},"enable":{"type":"bool","description":"set to true if ALB needs to be enabled","description_kind":"plain","optional":true,"computed":true},"id":{"type":"string","description_kind":"plain","optional":true,"computed":true},"name":{"type":"string","description":"ALB name","description_kind":"plain","computed":true},"region":{"type":"string","description_kind":"plain","optional":true},"user_ip":{"type":"string","description":"IP assigned by the user","description_kind":"plain","optional":true,"computed":true},"zone":{"type":"string","description":"ALB zone","description_kind":"plain","computed":true}},"block_types":{"timeouts":{"nesting_mode":"single","block":{"attributes":{"create":{"type":"string","description_kind":"plain","optional":true},"update":{"type":"string","description_kind":"plain","optional":true}},"description_kind":"plain"}}},"description_kind":"plain"}},"ibm_container_alb_cert":{"version":0,"block":{"attributes":{"cert_crn":{"type":"string","description":"Certificate CRN id","description_kind":"plain","required":true},"cloud_cert_instance_id":{"type":"string","description":"cloud cert instance ID","description_kind":"plain","computed":true},"cluster_crn":{"type":"string","description":"cluster CRN","description_kind":"plain","computed":true},"cluster_id":{"type":"string","description":"Cluster ID","description_kind":"plain","required":true},"domain_name":{"type":"string","description":"Domain name","description_kind":"plain","computed":true},"expires_on":{"type":"string","description":"Certificate expaire on date","description_kind":"plain","computed":true},"id":{"type":"string","description_kind":"plain","optional":true,"computed":true},"issuer_name":{"type":"string","description":"certificate issuer name","description_kind":"plain","computed":true},"region":{"type":"string","description":"region name","description_kind":"plain","optional":true,"computed":true},"secret_name":{"type":"string","description":"Secret name","description_kind":"plain","required":true}},"block_types":{"timeouts":{"nesting_mode":"single","block":{"attributes":{"create":{"type":"string","description_kind":"plain","optional":true},"delete":{"type":"string","description_kind":"plain","optional":true},"update":{"type":"string","description_kind":"plain","optional":true}},"description_kind":"plain"}}},"description_kind":"plain"}},"ibm_container_bind_service":{"version":0,"block":{"attributes":{"account_guid":{"type":"string","description":"The bluemix account guid this cluster belongs to","description_kind":"plain","optional":true},"cluster_name_id":{"type":"string","description":"Cluster name or ID","description_kind":"plain","required":true},"id":{"type":"string","description_kind":"plain","optional":true,"computed":true},"key":{"type":"string","description":"Key info","description_kind":"plain","optional":true},"namespace_id":{"type":"string","description":"namespace ID","description_kind":"plain","required":true},"org_guid":{"type":"string","description":"The bluemix organization guid this cluster belongs to","description_kind":"plain","optional":true},"region":{"type":"string","description":"The cluster region","description_kind":"plain","optional":true},"resource_group_id":{"type":"string","description":"ID of the resource group.","description_kind":"plain","optional":true},"role":{"type":"string","description":"Role info","description_kind":"plain","optional":true},"secret_name":{"type":"string","description_kind":"plain","computed":true,"sensitive":true},"service_instance_id":{"type":"string","description":"Service instance ID","description_kind":"plain","optional":true,"computed":true},"service_instance_name":{"type":"string","description":"serivice instance name","description_kind":"plain","optional":true,"computed":true},"service_instance_name_id":{"type":"string","description_kind":"plain","optional":true},"service_instance_space_guid":{"type":"string","description":"The space guid the service instance belongs to","description_kind":"plain","optional":true},"space_guid":{"type":"string","description":"The bluemix space guid this cluster belongs to","description_kind":"plain","optional":true},"tags":{"type":["set","string"],"description":"List of tags for the resource","description_kind":"plain","optional":true}},"description_kind":"plain"}},"ibm_container_cluster":{"version":0,"block":{"attributes":{"account_guid":{"type":"string","description":"The bluemix account guid this cluster belongs to","description_kind":"plain","optional":true},"albs":{"type":["list",["object",{"alb_ip":"string","alb_type":"string","disable_deployment":"bool","enable":"bool","id":"string","name":"string","num_of_instances":"string","resize":"bool","state":"string"}]],"description_kind":"plain","computed":true},"billing":{"type":"string","description_kind":"plain","optional":true},"crn":{"type":"string","description":"CRN of resource instance","description_kind":"plain","computed":true},"datacenter":{"type":"string","description":"The datacenter where this cluster will be deployed","description_kind":"plain","required":true},"default_pool_size":{"type":"number","description":"The size of the default worker pool","description_kind":"plain","optional":true},"disk_encryption":{"type":"bool","description":"disc encryption done, if set to true.","description_kind":"plain","optional":true},"entitlement":{"type":"string","description":"Entitlement option reduces additional OCP Licence cost in Openshift Clusters","description_kind":"plain","optional":true},"force_delete_storage":{"type":"bool","description":"Force the removal of a cluster and its persistent storage. Deleted data cannot be recovered","description_kind":"plain","optional":true},"gateway_enabled":{"type":"bool","description":"Set true for gateway enabled clusters","description_kind":"plain","optional":true},"hardware":{"type":"string","description":"Hardware type","description_kind":"plain","required":true},"id":{"type":"string","description_kind":"plain","optional":true,"computed":true},"ingress_hostname":{"type":"string","description_kind":"plain","computed":true},"ingress_secret":{"type":"string","description_kind":"plain","computed":true,"sensitive":true},"is_trusted":{"type":"bool","description_kind":"plain","optional":true},"isolation":{"type":"string","description_kind":"plain","optional":true,"computed":true},"kube_version":{"type":"string","description":"Kubernetes version info","description_kind":"plain","optional":true,"computed":true},"machine_type":{"type":"string","description":"Machine type","description_kind":"plain","optional":true},"name":{"type":"string","description":"The cluster name","description_kind":"plain","required":true},"no_subnet":{"type":"bool","description":"Boolean value set to true when subnet creation is not required.","description_kind":"plain","optional":true},"org_guid":{"type":"string","description":"The bluemix organization guid this cluster belongs to","description_kind":"plain","optional":true},"private_service_endpoint":{"type":"bool","description_kind":"plain","optional":true,"computed":true},"private_service_endpoint_url":{"type":"string","description_kind":"plain","computed":true},"private_vlan_id":{"type":"string","description":"Private VLAN ID","description_kind":"plain","optional":true},"public_service_endpoint":{"type":"bool","description_kind":"plain","optional":true,"computed":true},"public_service_endpoint_url":{"type":"string","description_kind":"plain","computed":true},"public_vlan_id":{"type":"string","description":"Public VLAN ID","description_kind":"plain","optional":true},"region":{"type":"string","description":"The cluster region","description_kind":"plain","optional":true,"computed":true},"resource_controller_url":{"type":"string","description":"The URL of the IBM Cloud dashboard that can be used to explore and view details about this cluster","description_kind":"plain","computed":true},"resource_crn":{"type":"string","description":"The crn of the resource","description_kind":"plain","computed":true},"resource_group_id":{"type":"string","description":"ID of the resource group.","description_kind":"plain","optional":true,"computed":true},"resource_group_name":{"type":"string","description":"The resource group name in which resource is provisioned","description_kind":"plain","computed":true},"resource_name":{"type":"string","description":"The name of the resource","description_kind":"plain","computed":true},"resource_status":{"type":"string","description":"The status of the resource","description_kind":"plain","computed":true},"server_url":{"type":"string","description_kind":"plain","computed":true},"space_guid":{"type":"string","description":"The bluemix space guid this cluster belongs to","description_kind":"plain","optional":true},"subnet_id":{"type":["set","string"],"description":"List of subnet IDs","description_kind":"plain","optional":true},"tags":{"type":["set","string"],"description":"Tags for the resource","description_kind":"plain","optional":true,"computed":true},"update_all_workers":{"type":"bool","description":"Updates all the woker nodes if sets to true","description_kind":"plain","optional":true},"wait_time_minutes":{"type":"number","description_kind":"plain","optional":true},"worker_num":{"type":"number","description":"Number of worker nodes","description_kind":"plain","optional":true},"worker_pools":{"type":["list",["object",{"hardware":"string","id":"string","labels":["map","string"],"machine_type":"string","name":"string","size_per_zone":"number","state":"string","zones":["list",["object",{"private_vlan":"string","public_vlan":"string","worker_count":"number","zone":"string"}]]}]],"description_kind":"plain","computed":true}},"block_types":{"kms_config":{"nesting_mode":"list","block":{"attributes":{"crk_id":{"type":"string","description":"ID of the customer root key.","description_kind":"plain","required":true},"instance_id":{"type":"string","description":"ID of the KMS instance to use to encrypt the cluster.","description_kind":"plain","required":true},"private_endpoint":{"type":"bool","description":"Specify this option to use the KMS public service endpoint.","description_kind":"plain","optional":true}},"description_kind":"plain"},"max_items":1},"timeouts":{"nesting_mode":"single","block":{"attributes":{"create":{"type":"string","description_kind":"plain","optional":true},"delete":{"type":"string","description_kind":"plain","optional":true},"update":{"type":"string","description_kind":"plain","optional":true}},"description_kind":"plain"}},"webhook":{"nesting_mode":"list","block":{"attributes":{"level":{"type":"string","description_kind":"plain","required":true},"type":{"type":"string","description_kind":"plain","required":true},"url":{"type":"string","description_kind":"plain","required":true}},"description_kind":"plain"}},"workers":{"nesting_mode":"list","block":{"attributes":{"action":{"type":"string","description_kind":"plain","optional":true},"id":{"type":"string","description_kind":"plain","computed":true},"name":{"type":"string","description_kind":"plain","required":true},"version":{"type":"string","description_kind":"plain","optional":true,"computed":true}},"description_kind":"plain"}},"workers_info":{"nesting_mode":"list","block":{"attributes":{"id":{"type":"string","description_kind":"plain","optional":true,"computed":true},"pool_name":{"type":"string","description_kind":"plain","computed":true},"version":{"type":"string","description_kind":"plain","optional":true,"computed":true}},"description_kind":"plain"}}},"description_kind":"plain"}},"ibm_container_cluster_feature":{"version":0,"block":{"attributes":{"cluster":{"type":"string","description":"Cluster name of ID","description_kind":"plain","required":true},"id":{"type":"string","description_kind":"plain","optional":true,"computed":true},"private_service_endpoint":{"type":"bool","description_kind":"plain","optional":true,"computed":true},"private_service_endpoint_url":{"type":"string","description_kind":"plain","computed":true},"public_service_endpoint":{"type":"bool","description_kind":"plain","optional":true,"computed":true},"public_service_endpoint_url":{"type":"string","description_kind":"plain","computed":true},"refresh_api_servers":{"type":"bool","description":"Boolean value true of API server to be refreshed in K8S cluster","description_kind":"plain","optional":true},"region":{"type":"string","description_kind":"plain","optional":true,"computed":true},"reload_workers":{"type":"bool","description":"Boolean value set true if worker nodes to be reloaded","description_kind":"plain","optional":true},"resource_group_id":{"type":"string","description":"ID of the resource group.","description_kind":"plain","optional":true,"computed":true}},"block_types":{"timeouts":{"nesting_mode":"single","block":{"attributes":{"create":{"type":"string","description_kind":"plain","optional":true},"update":{"type":"string","description_kind":"plain","optional":true}},"description_kind":"plain"}}},"description_kind":"plain"}},"ibm_container_vpc_alb":{"version":0,"block":{"attributes":{"alb_id":{"type":"string","description":"ALB ID","description_kind":"plain","required":true},"alb_type":{"type":"string","description":"Type of the ALB","description_kind":"plain","computed":true},"cluster":{"type":"string","description":"cluster id","description_kind":"plain","computed":true},"disable_deployment":{"type":"bool","description":"Disable the ALB instance in the cluster","description_kind":"plain","optional":true,"computed":true},"enable":{"type":"bool","description":"Enable the ALB instance in the cluster","description_kind":"plain","optional":true},"id":{"type":"string","description_kind":"plain","optional":true,"computed":true},"load_balancer_hostname":{"type":"string","description":"Load balancer host name","description_kind":"plain","computed":true},"name":{"type":"string","description":"ALB name","description_kind":"plain","computed":true},"resize":{"type":"bool","description":"boolean value to resize the albs","description_kind":"plain","computed":true},"state":{"type":"string","description":"ALB state","description_kind":"plain","computed":true},"status":{"type":"string","description":"Status of the ALB","description_kind":"plain","computed":true},"zone":{"type":"string","description":"Zone info.","description_kind":"plain","computed":true}},"block_types":{"timeouts":{"nesting_mode":"single","block":{"attributes":{"create":{"type":"string","description_kind":"plain","optional":true},"update":{"type":"string","description_kind":"plain","optional":true}},"description_kind":"plain"}}},"description_kind":"plain"}},"ibm_container_vpc_cluster":{"version":0,"block":{"attributes":{"albs":{"type":["list",["object",{"alb_type":"string","disable_deployment":"bool","enable":"bool","id":"string","load_balancer_hostname":"string","name":"string","resize":"bool","state":"string"}]],"description_kind":"plain","computed":true},"cos_instance_crn":{"type":"string","description":"A standard cloud object storage instance CRN to back up the internal registry in your OpenShift on VPC Gen 2 cluster","description_kind":"plain","optional":true},"crn":{"type":"string","description":"CRN of resource instance","description_kind":"plain","computed":true},"disable_public_service_endpoint":{"type":"bool","description":"Boolean value true if Public service endpoint to be disabled","description_kind":"plain","optional":true},"entitlement":{"type":"string","description":"Entitlement option reduces additional OCP Licence cost in Openshift Clusters","description_kind":"plain","optional":true},"flavor":{"type":"string","description":"Cluster nodes flavour","description_kind":"plain","required":true},"force_delete_storage":{"type":"bool","description":"Force the removal of a cluster and its persistent storage. Deleted data cannot be recovered","description_kind":"plain","optional":true},"id":{"type":"string","description_kind":"plain","optional":true,"computed":true},"ingress_hostname":{"type":"string","description_kind":"plain","computed":true},"ingress_secret":{"type":"string","description_kind":"plain","computed":true,"sensitive":true},"kube_version":{"type":"string","description":"Kubernetes version","description_kind":"plain","optional":true,"computed":true},"master_status":{"type":"string","description_kind":"plain","computed":true},"master_url":{"type":"string","description_kind":"plain","computed":true},"name":{"type":"string","description":"The cluster name","description_kind":"plain","required":true},"pod_subnet":{"type":"string","description":"Custom subnet CIDR to provide private IP addresses for pods","description_kind":"plain","optional":true,"computed":true},"private_service_endpoint_url":{"type":"string","description_kind":"plain","computed":true},"public_service_endpoint_url":{"type":"string","description_kind":"plain","computed":true},"resource_controller_url":{"type":"string","description":"The URL of the IBM Cloud dashboard that can be used to explore and view details about this cluster","description_kind":"plain","computed":true},"resource_crn":{"type":"string","description":"The crn of the resource","description_kind":"plain","computed":true},"resource_group_id":{"type":"string","description":"ID of the resource group.","description_kind":"plain","optional":true,"computed":true},"resource_group_name":{"type":"string","description":"The resource group name in which resource is provisioned","description_kind":"plain","computed":true},"resource_name":{"type":"string","description":"The name of the resource","description_kind":"plain","computed":true},"resource_status":{"type":"string","description":"The status of the resource","description_kind":"plain","computed":true},"service_subnet":{"type":"string","description":"Custom subnet CIDR to provide private IP addresses for services","description_kind":"plain","optional":true,"computed":true},"state":{"type":"string","description_kind":"plain","computed":true},"tags":{"type":["set","string"],"description":"List of tags for the resources","description_kind":"plain","optional":true,"computed":true},"update_all_workers":{"type":"bool","description":"Updates all the woker nodes if sets to true","description_kind":"plain","optional":true},"vpc_id":{"type":"string","description":"The vpc id where the cluster is","description_kind":"plain","required":true},"wait_till":{"type":"string","description":"wait_till can be configured for Master Ready, One worker Ready or Ingress Ready","description_kind":"plain","optional":true},"worker_count":{"type":"number","description":"Number of worker nodes in the cluster","description_kind":"plain","optional":true},"worker_labels":{"type":["map","string"],"description":"Labels for default worker pool","description_kind":"plain","optional":true,"computed":true}},"block_types":{"kms_config":{"nesting_mode":"list","block":{"attributes":{"crk_id":{"type":"string","description":"ID of the customer root key.","description_kind":"plain","required":true},"instance_id":{"type":"string","description":"ID of the KMS instance to use to encrypt the cluster.","description_kind":"plain","required":true},"private_endpoint":{"type":"bool","description":"Specify this option to use the KMS public service endpoint.","description_kind":"plain","optional":true}},"description_kind":"plain"},"max_items":1},"timeouts":{"nesting_mode":"single","block":{"attributes":{"create":{"type":"string","description_kind":"plain","optional":true},"delete":{"type":"string","description_kind":"plain","optional":true}},"description_kind":"plain"}},"zones":{"nesting_mode":"set","block":{"attributes":{"name":{"type":"string","description":"Zone for the worker pool in a multizone cluster","description_kind":"plain","required":true},"subnet_id":{"type":"string","description":"The VPC subnet to assign the cluster","description_kind":"plain","required":true}},"description_kind":"plain"},"min_items":1}},"description_kind":"plain"}},"ibm_container_vpc_worker_pool":{"version":0,"block":{"attributes":{"cluster":{"type":"string","description":"Cluster name","description_kind":"plain","required":true},"entitlement":{"type":"string","description":"Entitlement option reduces additional OCP Licence cost in Openshift Clusters","description_kind":"plain","optional":true},"flavor":{"type":"string","description":"cluster node falvor","description_kind":"plain","required":true},"id":{"type":"string","description_kind":"plain","optional":true,"computed":true},"labels":{"type":["map","string"],"description":"Labels","description_kind":"plain","optional":true,"computed":true},"resource_group_id":{"type":"string","description":"ID of the resource group.","description_kind":"plain","optional":true,"computed":true},"vpc_id":{"type":"string","description":"The vpc id where the cluster is","description_kind":"plain","required":true},"worker_count":{"type":"number","description":"The number of workers","description_kind":"plain","required":true},"worker_pool_name":{"type":"string","description":"worker pool name","description_kind":"plain","required":true}},"block_types":{"timeouts":{"nesting_mode":"single","block":{"attributes":{"create":{"type":"string","description_kind":"plain","optional":true},"delete":{"type":"string","description_kind":"plain","optional":true}},"description_kind":"plain"}},"zones":{"nesting_mode":"set","block":{"attributes":{"name":{"type":"string","description":"zone name","description_kind":"plain","required":true},"subnet_id":{"type":"string","description":"subnet ID","description_kind":"plain","required":true}},"description_kind":"plain"},"min_items":1}},"description_kind":"plain"}},"ibm_container_worker_pool":{"version":0,"block":{"attributes":{"cluster":{"type":"string","description":"Cluster name","description_kind":"plain","required":true},"disk_encryption":{"type":"bool","description":"worker node disk encrypted if set to true","description_kind":"plain","optional":true},"entitlement":{"type":"string","description":"Entitlement option reduces additional OCP Licence cost in Openshift Clusters","description_kind":"plain","optional":true},"hardware":{"type":"string","description":"Hardware type","description_kind":"plain","optional":true},"id":{"type":"string","description_kind":"plain","optional":true,"computed":true},"labels":{"type":["map","string"],"description":"list of labels to worker pool","description_kind":"plain","optional":true,"computed":true},"machine_type":{"type":"string","description":"worker nodes machine type","description_kind":"plain","required":true},"region":{"type":"string","description":"The worker pool region","description_kind":"plain","optional":true,"computed":true},"resource_controller_url":{"type":"string","description":"The URL of the IBM Cloud dashboard that can be used to explore and view details about this cluster","description_kind":"plain","computed":true},"resource_group_id":{"type":"string","description":"ID of the resource group.","description_kind":"plain","optional":true},"size_per_zone":{"type":"number","description":"Number of nodes per zone","description_kind":"plain","required":true},"state":{"type":"string","description":"worker pool state","description_kind":"plain","computed":true},"worker_pool_name":{"type":"string","description":"worker pool name","description_kind":"plain","required":true},"zones":{"type":["list",["object",{"private_vlan":"string","public_vlan":"string","worker_count":"number","zone":"string"}]],"description_kind":"plain","computed":true}},"block_types":{"timeouts":{"nesting_mode":"single","block":{"attributes":{"update":{"type":"string","description_kind":"plain","optional":true}},"description_kind":"plain"}}},"description_kind":"plain"}},"ibm_container_worker_pool_zone_attachment":{"version":0,"block":{"attributes":{"cluster":{"type":"string","description":"cluster name or ID","description_kind":"plain","required":true},"id":{"type":"string","description_kind":"plain","optional":true,"computed":true},"private_vlan_id":{"type":"string","description_kind":"plain","optional":true,"computed":true},"public_vlan_id":{"type":"string","description_kind":"plain","optional":true,"computed":true},"region":{"type":"string","description":"The zone region","description_kind":"plain","optional":true,"computed":true},"resource_group_id":{"type":"string","description":"ID of the resource group.","description_kind":"plain","optional":true},"wait_till_albs":{"type":"bool","description":"wait_till_albs can be configured to wait for albs during the worker pool zone attachment.","description_kind":"plain","optional":true},"worker_count":{"type":"number","description_kind":"plain","computed":true},"worker_pool":{"type":"string","description":"Workerpool name","description_kind":"plain","required":true},"zone":{"type":"string","description":"Zone name","description_kind":"plain","required":true}},"block_types":{"timeouts":{"nesting_mode":"single","block":{"attributes":{"create":{"type":"string","description_kind":"plain","optional":true},"delete":{"type":"string","description_kind":"plain","optional":true},"update":{"type":"string","description_kind":"plain","optional":true}},"description_kind":"plain"}}},"description_kind":"plain"}},"ibm_cos_bucket":{"version":0,"block":{"attributes":{"allowed_ip":{"type":["list","string"],"description":"List of IPv4 or IPv6 addresses ","description_kind":"plain","optional":true},"bucket_name":{"type":"string","description":"COS Bucket name","description_kind":"plain","required":true},"crn":{"type":"string","description":"CRN of resource instance","description_kind":"plain","computed":true},"cross_region_location":{"type":"string","description":"Cros region location info","description_kind":"plain","optional":true},"id":{"type":"string","description_kind":"plain","optional":true,"computed":true},"key_protect":{"type":"string","description":"CRN of the key you want to use data at rest encryption","description_kind":"plain","optional":true},"region_location":{"type":"string","description":"Region Location info.","description_kind":"plain","optional":true},"resource_instance_id":{"type":"string","description":"resource instance ID","description_kind":"plain","required":true},"s3_endpoint_private":{"type":"string","description":"Private endpoint for the COS bucket","description_kind":"plain","computed":true},"s3_endpoint_public":{"type":"string","description":"Public endpoint for the COS bucket","description_kind":"plain","computed":true},"single_site_location":{"type":"string","description":"single site location info","description_kind":"plain","optional":true},"storage_class":{"type":"string","description":"Storage class info","description_kind":"plain","required":true}},"block_types":{"activity_tracking":{"nesting_mode":"list","block":{"attributes":{"activity_tracker_crn":{"type":"string","description":"The instance of Activity Tracker that will receive object event data","description_kind":"plain","required":true},"read_data_events":{"type":"bool","description":"If set to true, all object read events will be sent to Activity Tracker.","description_kind":"plain","optional":true},"write_data_events":{"type":"bool","description":"If set to true, all object write events will be sent to Activity Tracker.","description_kind":"plain","optional":true}},"description_kind":"plain"},"max_items":1},"metrics_monitoring":{"nesting_mode":"list","block":{"attributes":{"metrics_monitoring_crn":{"type":"string","description":"Instance of IBM Cloud Monitoring that will receive the bucket metrics.","description_kind":"plain","required":true},"usage_metrics_enabled":{"type":"bool","description":"Usage metrics will be sent to the monitoring service.","description_kind":"plain","optional":true}},"description_kind":"plain"},"max_items":1},"timeouts":{"nesting_mode":"single","block":{"attributes":{"create":{"type":"string","description_kind":"plain","optional":true},"delete":{"type":"string","description_kind":"plain","optional":true},"update":{"type":"string","description_kind":"plain","optional":true}},"description_kind":"plain"}}},"description_kind":"plain"}},"ibm_database":{"version":0,"block":{"attributes":{"adminpassword":{"type":"string","description":"The admin user password for the instance","description_kind":"plain","optional":true,"sensitive":true},"adminuser":{"type":"string","description":"The admin user id for the instance","description_kind":"plain","computed":true},"backup_encryption_key_crn":{"type":"string","description":"The Backup Encryption Key CRN","description_kind":"plain","optional":true},"backup_id":{"type":"string","description":"The CRN of backup source database","description_kind":"plain","optional":true},"connectionstrings":{"type":["list",["object",{"certbase64":"string","certname":"string","composed":"string","database":"string","hosts":["list",["object",{"hostname":"string","port":"string"}]],"name":"string","password":"string","path":"string","queryoptions":"string","scheme":"string"}]],"description_kind":"plain","computed":true},"groups":{"type":["list",["object",{"count":"number","cpu":["list",["object",{"allocation_count":"number","can_scale_down":"bool","is_adjustable":"bool","minimum_count":"number","step_size_count":"number","units":"string"}]],"disk":["list",["object",{"allocation_mb":"number","can_scale_down":"bool","is_adjustable":"bool","minimum_mb":"number","step_size_mb":"number","units":"string"}]],"group_id":"string","memory":["list",["object",{"allocation_mb":"number","can_scale_down":"bool","is_adjustable":"bool","minimum_mb":"number","step_size_mb":"number","units":"string"}]]}]],"description_kind":"plain","computed":true},"guid":{"type":"string","description":"Unique identifier of resource instance","description_kind":"plain","computed":true},"id":{"type":"string","description_kind":"plain","optional":true,"computed":true},"key_protect_instance":{"type":"string","description":"The CRN of Key protect instance","description_kind":"plain","optional":true},"key_protect_key":{"type":"string","description":"The CRN of Key protect key","description_kind":"plain","optional":true},"location":{"type":"string","description":"The location or the region in which Database instance exists","description_kind":"plain","required":true},"members_cpu_allocation_count":{"type":"number","description":"CPU allocation required for cluster","description_kind":"plain","optional":true,"computed":true},"members_disk_allocation_mb":{"type":"number","description":"Disk allocation required for cluster","description_kind":"plain","optional":true,"computed":true},"members_memory_allocation_mb":{"type":"number","description":"Memory allocation required for cluster","description_kind":"plain","optional":true,"computed":true},"name":{"type":"string","description":"Resource instance name for example, my Database instance","description_kind":"plain","required":true},"plan":{"type":"string","description":"The plan type of the Database instance","description_kind":"plain","required":true},"point_in_time_recovery_deployment_id":{"type":"string","description":"The CRN of source instance","description_kind":"plain","optional":true},"point_in_time_recovery_time":{"type":"string","description":"The point in time recovery time stamp of the deployed instance","description_kind":"plain","optional":true},"remote_leader_id":{"type":"string","description":"The CRN of leader database","description_kind":"plain","optional":true},"resource_controller_url":{"type":"string","description":"The URL of the IBM Cloud dashboard that can be used to explore and view details about the resource","description_kind":"plain","computed":true},"resource_crn":{"type":"string","description":"The crn of the resource","description_kind":"plain","computed":true},"resource_group_id":{"type":"string","description":"The id of the resource group in which the Database instance is present","description_kind":"plain","optional":true,"computed":true},"resource_group_name":{"type":"string","description":"The resource group name in which resource is provisioned","description_kind":"plain","computed":true},"resource_name":{"type":"string","description":"The name of the resource","description_kind":"plain","computed":true},"resource_status":{"type":"string","description":"The status of the resource","description_kind":"plain","computed":true},"service":{"type":"string","description":"The name of the Cloud Internet database service","description_kind":"plain","required":true},"service_endpoints":{"type":"string","description":"Types of the service endpoints. Possible values are 'public', 'private', 'public-and-private'.","description_kind":"plain","optional":true},"status":{"type":"string","description":"The resource instance status","description_kind":"plain","computed":true},"tags":{"type":["set","string"],"description_kind":"plain","optional":true},"version":{"type":"string","description":"The database version to provision if specified","description_kind":"plain","optional":true,"computed":true}},"block_types":{"auto_scaling":{"nesting_mode":"list","block":{"block_types":{"cpu":{"nesting_mode":"list","block":{"attributes":{"rate_increase_percent":{"type":"number","description":"Auto Scaling Rate: Increase Percent","description_kind":"plain","optional":true,"computed":true},"rate_limit_count_per_member":{"type":"number","description":"Auto Scaling Rate: Limit count per number","description_kind":"plain","optional":true,"computed":true},"rate_period_seconds":{"type":"number","description":"Auto Scaling Rate: Period Seconds","description_kind":"plain","optional":true,"computed":true},"rate_units":{"type":"string","description":"Auto Scaling Rate: Units ","description_kind":"plain","optional":true,"computed":true}},"description_kind":"plain"},"max_items":1},"disk":{"nesting_mode":"list","block":{"attributes":{"capacity_enabled":{"type":"bool","description":"Auto Scaling Scalar: Capacity Enabled","description_kind":"plain","optional":true,"computed":true},"free_space_less_than_percent":{"type":"number","description":"Auto Scaling Scalar: Capacity Free Space Less Than Percent","description_kind":"plain","optional":true,"computed":true},"io_above_percent":{"type":"number","description":"Auto Scaling Scalar: IO Utilization Above Percent","description_kind":"plain","optional":true,"computed":true},"io_enabled":{"type":"bool","description":"Auto Scaling Scalar: IO Utilization Enabled","description_kind":"plain","optional":true,"computed":true},"io_over_period":{"type":"string","description":"Auto Scaling Scalar: IO Utilization Over Period","description_kind":"plain","optional":true,"computed":true},"rate_increase_percent":{"type":"number","description":"Auto Scaling Rate: Increase Percent","description_kind":"plain","optional":true,"computed":true},"rate_limit_mb_per_member":{"type":"number","description":"Auto Scaling Rate: Limit mb per member","description_kind":"plain","optional":true,"computed":true},"rate_period_seconds":{"type":"number","description":"Auto Scaling Rate: Period Seconds","description_kind":"plain","optional":true,"computed":true},"rate_units":{"type":"string","description":"Auto Scaling Rate: Units ","description_kind":"plain","optional":true,"computed":true}},"description_kind":"plain"},"max_items":1},"memory":{"nesting_mode":"list","block":{"attributes":{"io_above_percent":{"type":"number","description":"Auto Scaling Scalar: IO Utilization Above Percent","description_kind":"plain","optional":true,"computed":true},"io_enabled":{"type":"bool","description":"Auto Scaling Scalar: IO Utilization Enabled","description_kind":"plain","optional":true,"computed":true},"io_over_period":{"type":"string","description":"Auto Scaling Scalar: IO Utilization Over Period","description_kind":"plain","optional":true,"computed":true},"rate_increase_percent":{"type":"number","description":"Auto Scaling Rate: Increase Percent","description_kind":"plain","optional":true,"computed":true},"rate_limit_mb_per_member":{"type":"number","description":"Auto Scaling Rate: Limit mb per member","description_kind":"plain","optional":true,"computed":true},"rate_period_seconds":{"type":"number","description":"Auto Scaling Rate: Period Seconds","description_kind":"plain","optional":true,"computed":true},"rate_units":{"type":"string","description":"Auto Scaling Rate: Units ","description_kind":"plain","optional":true,"computed":true}},"description_kind":"plain"},"max_items":1}},"description_kind":"plain"},"max_items":1},"timeouts":{"nesting_mode":"single","block":{"attributes":{"create":{"type":"string","description_kind":"plain","optional":true},"delete":{"type":"string","description_kind":"plain","optional":true},"update":{"type":"string","description_kind":"plain","optional":true}},"description_kind":"plain"}},"users":{"nesting_mode":"set","block":{"attributes":{"name":{"type":"string","description":"User name","description_kind":"plain","optional":true},"password":{"type":"string","description":"User password","description_kind":"plain","optional":true,"sensitive":true}},"description_kind":"plain"}},"whitelist":{"nesting_mode":"set","block":{"attributes":{"address":{"type":"string","description":"Whitelist IP address in CIDR notation","description_kind":"plain","optional":true},"description":{"type":"string","description":"Unique white list description","description_kind":"plain","optional":true}},"description_kind":"plain"}}},"description_kind":"plain"}},"ibm_dl_gateway":{"version":0,"block":{"attributes":{"bgp_asn":{"type":"number","description":"BGP ASN","description_kind":"plain","required":true},"bgp_base_cidr":{"type":"string","description":"BGP base CIDR","description_kind":"plain","required":true},"bgp_cer_cidr":{"type":"string","description":"BGP customer edge router CIDR","description_kind":"plain","optional":true,"computed":true},"bgp_ibm_asn":{"type":"number","description":"IBM BGP ASN","description_kind":"plain","computed":true},"bgp_ibm_cidr":{"type":"string","description":"BGP IBM CIDR","description_kind":"plain","optional":true,"computed":true},"bgp_status":{"type":"string","description":"Gateway BGP status","description_kind":"plain","computed":true},"carrier_name":{"type":"string","description":"Carrier name","description_kind":"plain","optional":true},"completion_notice_reject_reason":{"type":"string","description":"Reason for completion notice rejection","description_kind":"plain","computed":true},"created_at":{"type":"string","description":"The date and time resource was created","description_kind":"plain","computed":true},"crn":{"type":"string","description":"The CRN (Cloud Resource Name) of this gateway","description_kind":"plain","computed":true},"cross_connect_router":{"type":"string","description":"Cross connect router","description_kind":"plain","optional":true},"customer_name":{"type":"string","description":"Customer name","description_kind":"plain","optional":true},"global":{"type":"bool","description":"Gateways with global routing (true) can connect to networks outside their associated region","description_kind":"plain","required":true},"id":{"type":"string","description_kind":"plain","optional":true,"computed":true},"link_status":{"type":"string","description":"Gateway link status","description_kind":"plain","computed":true},"loa_reject_reason":{"type":"string","description":"Loa reject reason","description_kind":"plain","optional":true,"computed":true},"location_display_name":{"type":"string","description":"Gateway location long name","description_kind":"plain","computed":true},"location_name":{"type":"string","description":"Gateway location","description_kind":"plain","optional":true},"metered":{"type":"bool","description":"Metered billing option","description_kind":"plain","required":true},"name":{"type":"string","description":"The unique user-defined name for this gateway","description_kind":"plain","required":true},"operational_status":{"type":"string","description":"Gateway operational status","description_kind":"plain","computed":true},"port":{"type":"string","description":"Gateway port","description_kind":"plain","computed":true},"provider_api_managed":{"type":"bool","description":"Indicates whether gateway was created through a provider portal","description_kind":"plain","computed":true},"resource_controller_url":{"type":"string","description":"The URL of the IBM Cloud dashboard that can be used to explore and view details about this instance","description_kind":"plain","computed":true},"resource_crn":{"type":"string","description":"The crn of the resource","description_kind":"plain","computed":true},"resource_group":{"type":"string","description":"Gateway resource group","description_kind":"plain","optional":true,"computed":true},"resource_group_name":{"type":"string","description":"The resource group name in which resource is provisioned","description_kind":"plain","computed":true},"resource_name":{"type":"string","description":"The name of the resource","description_kind":"plain","computed":true},"resource_status":{"type":"string","description":"The status of the resource","description_kind":"plain","computed":true},"speed_mbps":{"type":"number","description":"Gateway speed in megabits per second","description_kind":"plain","required":true},"tags":{"type":["set","string"],"description":"Tags for the direct link gateway","description_kind":"plain","optional":true,"computed":true},"type":{"type":"string","description":"Gateway type","description_kind":"plain","required":true},"vlan":{"type":"number","description":"VLAN allocated for this gateway","description_kind":"plain","computed":true}},"block_types":{"timeouts":{"nesting_mode":"single","block":{"attributes":{"create":{"type":"string","description_kind":"plain","optional":true},"delete":{"type":"string","description_kind":"plain","optional":true},"update":{"type":"string","description_kind":"plain","optional":true}},"description_kind":"plain"}}},"description_kind":"plain"}},"ibm_dl_virtual_connection":{"version":0,"block":{"attributes":{"created_at":{"type":"string","description":"The date and time resource was created","description_kind":"plain","computed":true},"gateway":{"type":"string","description":"The Direct Link gateway identifier","description_kind":"plain","required":true},"id":{"type":"string","description_kind":"plain","optional":true,"computed":true},"name":{"type":"string","description":"The user-defined name for this virtual connection. Virtualconnection names are unique within a gateway. This is the name of thevirtual connection itself, the network being connected may have its ownname attribute","description_kind":"plain","required":true},"network_account":{"type":"string","description":"For virtual connections across two different IBM Cloud Accounts network_account indicates the account that owns the target network.","description_kind":"plain","computed":true},"network_id":{"type":"string","description":"Unique identifier of the target network. For type=vpc virtual connections this is the CRN of the target VPC. This field does not apply to type=classic connections.","description_kind":"plain","optional":true,"computed":true},"related_crn":{"type":"string","description":"The crn of the Direct link gateway","description_kind":"plain","computed":true},"status":{"type":"string","description":"Status of the virtual connection.Possible values: [pending,attached,approval_pending,rejected,expired,deleting,detached_by_network_pending,detached_by_network]","description_kind":"plain","computed":true},"type":{"type":"string","description":"The type of virtual connection.Allowable values (classic,vpc)","description_kind":"plain","required":true},"virtual_connection_id":{"type":"string","description":"The Direct Gateway virtual connection identifier","description_kind":"plain","computed":true}},"block_types":{"timeouts":{"nesting_mode":"single","block":{"attributes":{"create":{"type":"string","description_kind":"plain","optional":true},"delete":{"type":"string","description_kind":"plain","optional":true},"update":{"type":"string","description_kind":"plain","optional":true}},"description_kind":"plain"}}},"description_kind":"plain"}},"ibm_dns_domain":{"version":0,"block":{"attributes":{"id":{"type":"string","description_kind":"plain","optional":true,"computed":true},"name":{"type":"string","description":"DNS name","description_kind":"plain","required":true},"serial":{"type":"string","description":"DNS serial info","description_kind":"plain","computed":true},"tags":{"type":["set","string"],"description":"tags associated with reosurce.","description_kind":"plain","optional":true},"target":{"type":"string","description":"DNS target info","description_kind":"plain","optional":true},"update_date":{"type":"string","description":"DNS update date","description_kind":"plain","computed":true}},"description_kind":"plain"}},"ibm_dns_domain_registration_nameservers":{"version":0,"block":{"attributes":{"dns_registration_id":{"type":"string","description":"DNS registration ID","description_kind":"plain","required":true},"id":{"type":"string","description_kind":"plain","optional":true,"computed":true},"name_servers":{"type":["set","string"],"description":"Custom name servers for the domain registration","description_kind":"plain","required":true},"original_name_servers":{"type":["set","string"],"description":"Save of name servers prior to update","description_kind":"plain","computed":true}},"description_kind":"plain"}},"ibm_dns_permitted_network":{"version":0,"block":{"attributes":{"created_on":{"type":"string","description":"Network creation date","description_kind":"plain","computed":true},"id":{"type":"string","description_kind":"plain","optional":true,"computed":true},"instance_id":{"type":"string","description":"Instance Id","description_kind":"plain","required":true},"modified_on":{"type":"string","description":"Network Modification date","description_kind":"plain","computed":true},"permitted_network_id":{"type":"string","description":"Network Id","description_kind":"plain","computed":true},"state":{"type":"string","description":"Network status","description_kind":"plain","computed":true},"type":{"type":"string","description":"Network Type","description_kind":"plain","optional":true},"vpc_crn":{"type":"string","description":"VPC CRN id","description_kind":"plain","required":true},"zone_id":{"type":"string","description":"Zone Id","description_kind":"plain","required":true}},"block_types":{"timeouts":{"nesting_mode":"single","block":{"attributes":{"create":{"type":"string","description_kind":"plain","optional":true},"delete":{"type":"string","description_kind":"plain","optional":true}},"description_kind":"plain"}}},"description_kind":"plain"}},"ibm_dns_record":{"version":0,"block":{"attributes":{"data":{"type":"string","description":"DNS record data","description_kind":"plain","required":true},"domain_id":{"type":"number","description":"Domain ID of dns record instance","description_kind":"plain","required":true},"expire":{"type":"number","description":"DNS record expiry info","description_kind":"plain","optional":true,"computed":true},"host":{"type":"string","description":"Hostname","description_kind":"plain","required":true},"id":{"type":"string","description_kind":"plain","optional":true,"computed":true},"minimum_ttl":{"type":"number","description":"Minimun TTL configuration","description_kind":"plain","optional":true,"computed":true},"mx_priority":{"type":"number","description":"Maximum priority","description_kind":"plain","optional":true},"port":{"type":"number","description":"port number","description_kind":"plain","optional":true},"priority":{"type":"number","description":"priority info","description_kind":"plain","optional":true},"protocol":{"type":"string","description":"protocol info","description_kind":"plain","optional":true},"refresh":{"type":"number","description":"refresh rate","description_kind":"plain","optional":true,"computed":true},"responsible_person":{"type":"string","description":"Responsible person for DNS record","description_kind":"plain","optional":true,"computed":true},"retry":{"type":"number","description":"Retry count","description_kind":"plain","optional":true,"computed":true},"service":{"type":"string","description":"service info","description_kind":"plain","optional":true},"tags":{"type":["set","string"],"description":"tags set for the resource","description_kind":"plain","optional":true},"ttl":{"type":"number","description":"TTL configuration","description_kind":"plain","optional":true},"type":{"type":"string","description":"DNS record type","description_kind":"plain","required":true},"weight":{"type":"number","description":"weight info","description_kind":"plain","optional":true}},"description_kind":"plain"}},"ibm_dns_resource_record":{"version":0,"block":{"attributes":{"created_on":{"type":"string","description":"Creation Data","description_kind":"plain","computed":true},"id":{"type":"string","description_kind":"plain","optional":true,"computed":true},"instance_id":{"type":"string","description":"Instance ID","description_kind":"plain","required":true},"modified_on":{"type":"string","description":"Modification date","description_kind":"plain","computed":true},"name":{"type":"string","description":"DNS record name","description_kind":"plain","required":true},"port":{"type":"number","description":"DNS server Port","description_kind":"plain","optional":true},"preference":{"type":"number","description":"DNS maximum preference","description_kind":"plain","optional":true},"priority":{"type":"number","description":"DNS server Priority","description_kind":"plain","optional":true},"protocol":{"type":"string","description":"Protocol","description_kind":"plain","optional":true},"rdata":{"type":"string","description":"DNS record Data","description_kind":"plain","required":true},"resource_record_id":{"type":"string","description":"Resource record ID","description_kind":"plain","computed":true},"service":{"type":"string","description":"Service info","description_kind":"plain","optional":true},"ttl":{"type":"number","description":"DNS record TTL","description_kind":"plain","optional":true},"type":{"type":"string","description":"DNS record Type","description_kind":"plain","required":true},"weight":{"type":"number","description":"DNS server weight","description_kind":"plain","optional":true},"zone_id":{"type":"string","description":"Zone ID","description_kind":"plain","required":true}},"block_types":{"timeouts":{"nesting_mode":"single","block":{"attributes":{"create":{"type":"string","description_kind":"plain","optional":true},"delete":{"type":"string","description_kind":"plain","optional":true},"update":{"type":"string","description_kind":"plain","optional":true}},"description_kind":"plain"}}},"description_kind":"plain"}},"ibm_dns_reverse_record":{"version":0,"block":{"attributes":{"hostname":{"type":"string","description":"Host name","description_kind":"plain","required":true},"id":{"type":"string","description_kind":"plain","optional":true,"computed":true},"ipaddress":{"type":"string","description":"IP Address","description_kind":"plain","required":true},"ttl":{"type":"number","description":"TTL value","description_kind":"plain","optional":true}},"description_kind":"plain"}},"ibm_dns_secondary":{"version":0,"block":{"attributes":{"id":{"type":"string","description_kind":"plain","optional":true,"computed":true},"master_ip_address":{"type":"string","description":"Master IP Address","description_kind":"plain","required":true},"status_id":{"type":"number","description":"Status ID","description_kind":"plain","computed":true},"status_text":{"type":"string","description":"Status text","description_kind":"plain","computed":true},"tags":{"type":["set","string"],"description":"List of tags","description_kind":"plain","optional":true},"transfer_frequency":{"type":"number","description":"Transfer frequency value","description_kind":"plain","required":true},"zone_name":{"type":"string","description":"Zone name","description_kind":"plain","required":true}},"description_kind":"plain"}},"ibm_dns_zone":{"version":0,"block":{"attributes":{"created_on":{"type":"string","description":"Creation date","description_kind":"plain","computed":true},"description":{"type":"string","description":"Zone description","description_kind":"plain","optional":true},"id":{"type":"string","description_kind":"plain","optional":true,"computed":true},"instance_id":{"type":"string","description":"Instance ID","description_kind":"plain","required":true},"label":{"type":"string","description":"Label","description_kind":"plain","optional":true},"modified_on":{"type":"string","description":"Modification date","description_kind":"plain","computed":true},"name":{"type":"string","description":"Zone name","description_kind":"plain","required":true},"state":{"type":"string","description":"Zone state","description_kind":"plain","computed":true},"zone_id":{"type":"string","description":"Zone ID","description_kind":"plain","computed":true}},"block_types":{"timeouts":{"nesting_mode":"single","block":{"attributes":{"create":{"type":"string","description_kind":"plain","optional":true},"delete":{"type":"string","description_kind":"plain","optional":true},"update":{"type":"string","description_kind":"plain","optional":true}},"description_kind":"plain"}}},"description_kind":"plain"}},"ibm_event_streams_topic":{"version":0,"block":{"attributes":{"config":{"type":["map","string"],"description":"The configuration parameters of a topic","description_kind":"plain","optional":true},"id":{"type":"string","description_kind":"plain","optional":true,"computed":true},"kafka_brokers_sasl":{"type":["list","string"],"description":"Kafka brokers addresses for interacting with Kafka native API","description_kind":"plain","computed":true},"kafka_http_url":{"type":"string","description":"API endpoint for interacting with Event Streams REST API","description_kind":"plain","computed":true},"name":{"type":"string","description":"The name of the topic","description_kind":"plain","required":true},"partitions":{"type":"number","description":"The number of partitions","description_kind":"plain","optional":true},"resource_instance_id":{"type":"string","description":"The CRN of the Event Streams instance","description_kind":"plain","required":true}},"description_kind":"plain"}},"ibm_firewall":{"version":0,"block":{"attributes":{"firewall_type":{"type":"string","description":"Firewall type","description_kind":"plain","optional":true},"ha_enabled":{"type":"bool","description":"set to true if High availability is enabled","description_kind":"plain","optional":true},"id":{"type":"string","description_kind":"plain","optional":true,"computed":true},"location":{"type":"string","description":"Location info","description_kind":"plain","computed":true},"password":{"type":"string","description":"Password for the given User","description_kind":"plain","computed":true},"primary_ip":{"type":"string","description":"Primary IP address","description_kind":"plain","computed":true},"public_vlan_id":{"type":"number","description":"Public VLAN ID","description_kind":"plain","required":true},"tags":{"type":["set","string"],"description":"List of tags for the firewall","description_kind":"plain","optional":true},"username":{"type":"string","description":"User name","description_kind":"plain","computed":true}},"description_kind":"plain"}},"ibm_firewall_policy":{"version":0,"block":{"attributes":{"firewall_id":{"type":"number","description":"Firewall ID","description_kind":"plain","required":true},"id":{"type":"string","description_kind":"plain","optional":true,"computed":true},"tags":{"type":["set","string"],"description":"List of tags","description_kind":"plain","optional":true}},"block_types":{"rules":{"nesting_mode":"list","block":{"attributes":{"action":{"type":"string","description_kind":"plain","required":true},"dst_ip_address":{"type":"string","description_kind":"plain","required":true},"dst_ip_cidr":{"type":"number","description_kind":"plain","required":true},"dst_port_range_end":{"type":"number","description_kind":"plain","optional":true},"dst_port_range_start":{"type":"number","description_kind":"plain","optional":true},"notes":{"type":"string","description_kind":"plain","optional":true},"protocol":{"type":"string","description_kind":"plain","required":true},"src_ip_address":{"type":"string","description_kind":"plain","required":true},"src_ip_cidr":{"type":"number","description_kind":"plain","required":true}},"description_kind":"plain"},"min_items":1}},"description_kind":"plain"}},"ibm_function_action":{"version":0,"block":{"attributes":{"action_id":{"type":"string","description_kind":"plain","computed":true},"annotations":{"type":"string","description":"All annotations set on action by user and those set by the IBM Cloud Function backend/API.","description_kind":"plain","computed":true},"id":{"type":"string","description_kind":"plain","optional":true,"computed":true},"name":{"type":"string","description":"Name of action.","description_kind":"plain","required":true},"namespace":{"type":"string","description":"IBM Cloud function namespace.","description_kind":"plain","required":true},"parameters":{"type":"string","description":"All paramters set on action by user and those set by the IBM Cloud Function backend/API.","description_kind":"plain","computed":true},"publish":{"type":"bool","description":"Action visibilty.","description_kind":"plain","optional":true},"target_endpoint_url":{"type":"string","description":"Action target endpoint URL.","description_kind":"plain","computed":true},"user_defined_annotations":{"type":"string","description":"Annotation values in KEY VALUE format.","description_kind":"plain","optional":true},"user_defined_parameters":{"type":"string","description":"Parameters values in KEY VALUE format. Parameter bindings included in the context passed to the action.","description_kind":"plain","optional":true},"version":{"type":"string","description":"Semantic version of the item.","description_kind":"plain","computed":true}},"block_types":{"exec":{"nesting_mode":"list","block":{"attributes":{"code":{"type":"string","description":"The code to execute when kind is not ‘blackbox’.","description_kind":"plain","optional":true},"components":{"type":["list","string"],"description":"The List of fully qualified action.","description_kind":"plain","optional":true},"image":{"type":"string","description":"Container image name when kind is 'blackbox'.","description_kind":"plain","optional":true},"init":{"type":"string","description":"Optional zipfile reference.","description_kind":"plain","optional":true},"kind":{"type":"string","description":"The type of action. Possible values can be found here (https://cloud.ibm.com/docs/openwhisk?topic=cloud-functions-runtimes)","description_kind":"plain","required":true},"main":{"type":"string","description":"The name of the action entry point (function or fully-qualified method name when applicable).","description_kind":"plain","optional":true}},"description_kind":"plain"},"min_items":1,"max_items":1},"limits":{"nesting_mode":"list","block":{"attributes":{"log_size":{"type":"number","description":"The maximum log size LIMIT in MB for the action.","description_kind":"plain","optional":true},"memory":{"type":"number","description":"The maximum memory LIMIT in MB for the action (default 256.","description_kind":"plain","optional":true},"timeout":{"type":"number","description":"The timeout LIMIT in milliseconds after which the action is terminated.","description_kind":"plain","optional":true}},"description_kind":"plain"},"max_items":1}},"description_kind":"plain"}},"ibm_function_namespace":{"version":0,"block":{"attributes":{"description":{"type":"string","description":"Namespace Description.","description_kind":"plain","optional":true},"id":{"type":"string","description_kind":"plain","optional":true,"computed":true},"location":{"type":"string","description":"Namespace Location.","description_kind":"plain","computed":true},"name":{"type":"string","description":"Name of namespace.","description_kind":"plain","required":true},"resource_group_id":{"type":"string","description":"Resource Group ID.","description_kind":"plain","required":true}},"description_kind":"plain"}},"ibm_function_package":{"version":0,"block":{"attributes":{"annotations":{"type":"string","description":"All annotations set on package by user and those set by the IBM Cloud Function backend/API.","description_kind":"plain","computed":true},"bind_package_name":{"type":"string","description":"Name of package to be binded.","description_kind":"plain","optional":true},"id":{"type":"string","description_kind":"plain","optional":true,"computed":true},"name":{"type":"string","description":"Name of package.","description_kind":"plain","required":true},"namespace":{"type":"string","description":"IBM Cloud function namespace.","description_kind":"plain","required":true},"package_id":{"type":"string","description_kind":"plain","computed":true},"parameters":{"type":"string","description":"All parameters set on package by user and those set by the IBM Cloud Function backend/API.","description_kind":"plain","computed":true},"publish":{"type":"bool","description":"Package visibilty.","description_kind":"plain","optional":true},"user_defined_annotations":{"type":"string","description":"Annotation values in KEY VALUE format.","description_kind":"plain","optional":true},"user_defined_parameters":{"type":"string","description":"Parameters values in KEY VALUE format. Parameter bindings included in the context passed to the package.","description_kind":"plain","optional":true},"version":{"type":"string","description":"Semantic version of the item.","description_kind":"plain","computed":true}},"description_kind":"plain"}},"ibm_function_rule":{"version":0,"block":{"attributes":{"action_name":{"type":"string","description":"Name of action.","description_kind":"plain","required":true},"id":{"type":"string","description_kind":"plain","optional":true,"computed":true},"name":{"type":"string","description":"Name of rule.","description_kind":"plain","required":true},"namespace":{"type":"string","description":"IBM Cloud function namespace.","description_kind":"plain","required":true},"publish":{"type":"bool","description":"Rule visbility.","description_kind":"plain","computed":true},"rule_id":{"type":"string","description_kind":"plain","computed":true},"status":{"type":"string","description":"Status of the rule.","description_kind":"plain","computed":true},"trigger_name":{"type":"string","description":"Name of trigger.","description_kind":"plain","required":true},"version":{"type":"string","description":"Semantic version of the item.","description_kind":"plain","computed":true}},"description_kind":"plain"}},"ibm_function_trigger":{"version":0,"block":{"attributes":{"annotations":{"type":"string","description":"All annotations set on trigger by user and those set by the IBM Cloud Function backend/API.","description_kind":"plain","computed":true},"id":{"type":"string","description_kind":"plain","optional":true,"computed":true},"name":{"type":"string","description":"Name of Trigger.","description_kind":"plain","required":true},"namespace":{"type":"string","description":"IBM Cloud function namespace.","description_kind":"plain","required":true},"parameters":{"type":"string","description":"All parameters set on trigger by user and those set by the IBM Cloud Function backend/API.","description_kind":"plain","computed":true},"publish":{"type":"bool","description":"Trigger visbility.","description_kind":"plain","computed":true},"trigger_id":{"type":"string","description_kind":"plain","computed":true},"user_defined_annotations":{"type":"string","description":"Annotation values in KEY VALUE format.","description_kind":"plain","optional":true},"user_defined_parameters":{"type":"string","description":"Parameters values in KEY VALUE format. Parameter bindings included in the context passed to the trigger.","description_kind":"plain","optional":true},"version":{"type":"string","description":"Semantic version of the item.","description_kind":"plain","computed":true}},"block_types":{"feed":{"nesting_mode":"list","block":{"attributes":{"name":{"type":"string","description":"Trigger feed ACTION_NAME.","description_kind":"plain","required":true},"parameters":{"type":"string","description":"Parameters values in KEY VALUE format. Parameter bindings included in the context passed to the action invoke.","description_kind":"plain","optional":true}},"description_kind":"plain"},"max_items":1}},"description_kind":"plain"}},"ibm_hardware_firewall_shared":{"version":0,"block":{"attributes":{"billing_item_id":{"type":"number","description":"Billing Item ID","description_kind":"plain","computed":true},"firewall_type":{"type":"string","description":"Firewall type","description_kind":"plain","required":true},"hardware_instance_id":{"type":"number","description":"Hardware instance ID","description_kind":"plain","optional":true},"id":{"type":"string","description_kind":"plain","optional":true,"computed":true},"virtual_instance_id":{"type":"number","description":"Virtual instance ID","description_kind":"plain","optional":true}},"block_types":{"timeouts":{"nesting_mode":"single","block":{"attributes":{"create":{"type":"string","description_kind":"plain","optional":true},"delete":{"type":"string","description_kind":"plain","optional":true}},"description_kind":"plain"}}},"description_kind":"plain"}},"ibm_iam_access_group":{"version":0,"block":{"attributes":{"description":{"type":"string","description":"Description of the access group","description_kind":"plain","optional":true},"id":{"type":"string","description_kind":"plain","optional":true,"computed":true},"name":{"type":"string","description":"Name of the access group","description_kind":"plain","required":true},"tags":{"type":["set","string"],"description_kind":"plain","optional":true},"version":{"type":"string","description_kind":"plain","computed":true}},"description_kind":"plain"}},"ibm_iam_access_group_dynamic_rule":{"version":0,"block":{"attributes":{"access_group_id":{"type":"string","description":"Unique identifier of the access group","description_kind":"plain","required":true},"expiration":{"type":"number","description":"The expiration in hours","description_kind":"plain","required":true},"id":{"type":"string","description_kind":"plain","optional":true,"computed":true},"identity_provider":{"type":"string","description":"The realm name or identity proivider url","description_kind":"plain","required":true},"name":{"type":"string","description":"The name of the Rule","description_kind":"plain","required":true},"rule_id":{"type":"string","description":"id of the rule","description_kind":"plain","computed":true}},"block_types":{"conditions":{"nesting_mode":"list","block":{"attributes":{"claim":{"type":"string","description_kind":"plain","required":true},"operator":{"type":"string","description_kind":"plain","required":true},"value":{"type":"string","description_kind":"plain","required":true}},"description_kind":"plain"},"min_items":1}},"description_kind":"plain"}},"ibm_iam_access_group_members":{"version":0,"block":{"attributes":{"access_group_id":{"type":"string","description":"Unique identifier of the access group","description_kind":"plain","required":true},"iam_service_ids":{"type":["set","string"],"description_kind":"plain","optional":true},"ibm_ids":{"type":["set","string"],"description_kind":"plain","optional":true},"id":{"type":"string","description_kind":"plain","optional":true,"computed":true},"members":{"type":["list",["object",{"iam_id":"string","type":"string"}]],"description_kind":"plain","computed":true}},"description_kind":"plain"}},"ibm_iam_access_group_policy":{"version":0,"block":{"attributes":{"access_group_id":{"type":"string","description":"ID of access group","description_kind":"plain","required":true},"account_management":{"type":"bool","description":"Give access to all account management services","description_kind":"plain","optional":true},"id":{"type":"string","description_kind":"plain","optional":true,"computed":true},"roles":{"type":["list","string"],"description":"Role names of the policy definition","description_kind":"plain","required":true},"tags":{"type":["set","string"],"description_kind":"plain","optional":true},"version":{"type":"string","description_kind":"plain","computed":true}},"block_types":{"resources":{"nesting_mode":"list","block":{"attributes":{"attributes":{"type":["map","string"],"description":"Set resource attributes in the form of 'name=value,name=value....","description_kind":"plain","optional":true},"region":{"type":"string","description":"Region of the policy definition","description_kind":"plain","optional":true},"resource":{"type":"string","description":"Resource of the policy definition","description_kind":"plain","optional":true},"resource_group_id":{"type":"string","description":"ID of the resource group.","description_kind":"plain","optional":true},"resource_instance_id":{"type":"string","description":"ID of resource instance of the policy definition","description_kind":"plain","optional":true},"resource_type":{"type":"string","description":"Resource type of the policy definition","description_kind":"plain","optional":true},"service":{"type":"string","description":"Service name of the policy definition","description_kind":"plain","optional":true}},"description_kind":"plain"},"max_items":1}},"description_kind":"plain"}},"ibm_iam_authorization_policy":{"version":0,"block":{"attributes":{"id":{"type":"string","description_kind":"plain","optional":true,"computed":true},"roles":{"type":["list","string"],"description":"Role names of the policy definition","description_kind":"plain","required":true},"source_resource_group_id":{"type":"string","description":"The source resource group Id","description_kind":"plain","optional":true},"source_resource_instance_id":{"type":"string","description":"The source resource instance Id","description_kind":"plain","optional":true},"source_resource_type":{"type":"string","description":"Resource type of source service","description_kind":"plain","optional":true},"source_service_account":{"type":"string","description":"Account GUID of source service","description_kind":"plain","optional":true,"computed":true},"source_service_name":{"type":"string","description":"The source service name","description_kind":"plain","required":true},"target_resource_group_id":{"type":"string","description":"The target resource group Id","description_kind":"plain","optional":true},"target_resource_instance_id":{"type":"string","description":"The target resource instance Id","description_kind":"plain","optional":true},"target_resource_type":{"type":"string","description":"Resource type of target service","description_kind":"plain","optional":true},"target_service_name":{"type":"string","description":"The target service name","description_kind":"plain","required":true},"version":{"type":"string","description_kind":"plain","computed":true}},"description_kind":"plain"}},"ibm_iam_authorization_policy_detach":{"version":0,"block":{"attributes":{"authorization_policy_id":{"type":"string","description":"Authorization policy ID","description_kind":"plain","required":true},"id":{"type":"string","description_kind":"plain","optional":true,"computed":true}},"description_kind":"plain"}},"ibm_iam_custom_role":{"version":0,"block":{"attributes":{"actions":{"type":["list","string"],"description":"The actions of the role","description_kind":"plain","required":true},"crn":{"type":"string","description":"crn of the Custom Role","description_kind":"plain","computed":true},"description":{"type":"string","description":"The description of the role","description_kind":"plain","optional":true},"display_name":{"type":"string","description":"Display Name of the Custom Role","description_kind":"plain","required":true},"id":{"type":"string","description_kind":"plain","optional":true,"computed":true},"name":{"type":"string","description":"The name of the custom Role","description_kind":"plain","required":true},"resource_controller_url":{"type":"string","description":"The URL of the IBM Cloud dashboard that can be used to explore and view details about the resource","description_kind":"plain","computed":true},"resource_crn":{"type":"string","description":"The crn of the resource","description_kind":"plain","computed":true},"resource_name":{"type":"string","description":"The name of the resource","description_kind":"plain","computed":true},"service":{"type":"string","description":"The Service Name","description_kind":"plain","required":true}},"description_kind":"plain"}},"ibm_iam_service_id":{"version":0,"block":{"attributes":{"crn":{"type":"string","description":"crn of the serviceID","description_kind":"plain","computed":true},"description":{"type":"string","description":"Description of the serviceID","description_kind":"plain","optional":true},"id":{"type":"string","description_kind":"plain","optional":true,"computed":true},"name":{"type":"string","description":"Name of the serviceID","description_kind":"plain","required":true},"tags":{"type":["set","string"],"description_kind":"plain","optional":true},"version":{"type":"string","description":"version of the serviceID","description_kind":"plain","computed":true}},"description_kind":"plain"}},"ibm_iam_service_policy":{"version":0,"block":{"attributes":{"account_management":{"type":"bool","description":"Give access to all account management services","description_kind":"plain","optional":true},"iam_service_id":{"type":"string","description":"UUID of ServiceID","description_kind":"plain","required":true},"id":{"type":"string","description_kind":"plain","optional":true,"computed":true},"roles":{"type":["list","string"],"description":"Role names of the policy definition","description_kind":"plain","required":true},"tags":{"type":["set","string"],"description_kind":"plain","optional":true},"version":{"type":"string","description_kind":"plain","computed":true}},"block_types":{"resources":{"nesting_mode":"list","block":{"attributes":{"attributes":{"type":["map","string"],"description":"Set resource attributes in the form of 'name=value,name=value....","description_kind":"plain","optional":true},"region":{"type":"string","description":"Region of the policy definition","description_kind":"plain","optional":true},"resource":{"type":"string","description":"Resource of the policy definition","description_kind":"plain","optional":true},"resource_group_id":{"type":"string","description":"ID of the resource group.","description_kind":"plain","optional":true},"resource_instance_id":{"type":"string","description":"ID of resource instance of the policy definition","description_kind":"plain","optional":true},"resource_type":{"type":"string","description":"Resource type of the policy definition","description_kind":"plain","optional":true},"service":{"type":"string","description":"Service name of the policy definition","description_kind":"plain","optional":true}},"description_kind":"plain"},"max_items":1}},"description_kind":"plain"}},"ibm_iam_user_invite":{"version":0,"block":{"attributes":{"access_groups":{"type":["list","string"],"description":"access group ids to associate the inviting user","description_kind":"plain","optional":true},"id":{"type":"string","description_kind":"plain","optional":true,"computed":true},"users":{"type":["set","string"],"description":"List of ibm id or email of user","description_kind":"plain","required":true}},"block_types":{"classic_infra_roles":{"nesting_mode":"list","block":{"attributes":{"permission_set":{"type":"string","description":"permission set for claasic infrastructure","description_kind":"plain","optional":true},"permissions":{"type":["list","string"],"description":"List of permissions for claasic infrastructure","description_kind":"plain","optional":true}},"description_kind":"plain"}},"cloud_foundry_roles":{"nesting_mode":"list","block":{"attributes":{"org_roles":{"type":["list","string"],"description":"roles to be assigned to user in given space","description_kind":"plain","required":true},"organization_guid":{"type":"string","description":"GUID of Organization","description_kind":"plain","required":true}},"block_types":{"spaces":{"nesting_mode":"list","block":{"attributes":{"space_guid":{"type":"string","description":"GUID of space","description_kind":"plain","required":true},"space_roles":{"type":["list","string"],"description":"roles to be assigned to user in given space","description_kind":"plain","required":true}},"description_kind":"plain"}}},"description_kind":"plain"}},"iam_policy":{"nesting_mode":"list","block":{"attributes":{"account_management":{"type":"bool","description":"Give access to all account management services","description_kind":"plain","optional":true},"roles":{"type":["list","string"],"description":"Role names of the policy definition","description_kind":"plain","required":true}},"block_types":{"resources":{"nesting_mode":"list","block":{"attributes":{"attributes":{"type":["map","string"],"description":"Set resource attributes in the form of 'name=value,name=value....","description_kind":"plain","optional":true},"region":{"type":"string","description":"Region of the policy definition","description_kind":"plain","optional":true},"resource":{"type":"string","description":"Resource of the policy definition","description_kind":"plain","optional":true},"resource_group_id":{"type":"string","description":"ID of the resource group.","description_kind":"plain","optional":true},"resource_instance_id":{"type":"string","description":"ID of resource instance of the policy definition","description_kind":"plain","optional":true},"resource_type":{"type":"string","description":"Resource type of the policy definition","description_kind":"plain","optional":true},"service":{"type":"string","description":"Service name of the policy definition","description_kind":"plain","optional":true}},"description_kind":"plain"}}},"description_kind":"plain"}}},"description_kind":"plain"}},"ibm_iam_user_policy":{"version":0,"block":{"attributes":{"account_management":{"type":"bool","description":"Give access to all account management services","description_kind":"plain","optional":true},"ibm_id":{"type":"string","description":"The ibm id or email of user","description_kind":"plain","required":true},"id":{"type":"string","description_kind":"plain","optional":true,"computed":true},"roles":{"type":["list","string"],"description":"Role names of the policy definition","description_kind":"plain","required":true},"tags":{"type":["set","string"],"description_kind":"plain","optional":true},"version":{"type":"string","description_kind":"plain","computed":true}},"block_types":{"resources":{"nesting_mode":"list","block":{"attributes":{"attributes":{"type":["map","string"],"description":"Set resource attributes in the form of 'name=value,name=value....","description_kind":"plain","optional":true},"region":{"type":"string","description":"Region of the policy definition","description_kind":"plain","optional":true},"resource":{"type":"string","description":"Resource of the policy definition","description_kind":"plain","optional":true},"resource_group_id":{"type":"string","description":"ID of the resource group.","description_kind":"plain","optional":true},"resource_instance_id":{"type":"string","description":"ID of resource instance of the policy definition","description_kind":"plain","optional":true},"resource_type":{"type":"string","description":"Resource type of the policy definition","description_kind":"plain","optional":true},"service":{"type":"string","description":"Service name of the policy definition","description_kind":"plain","optional":true}},"description_kind":"plain"},"max_items":1}},"description_kind":"plain"}},"ibm_iam_user_settings":{"version":0,"block":{"attributes":{"allowed_ip_addresses":{"type":["list","string"],"description":"List of allowed IPv4 or IPv6 addresses ","description_kind":"plain","optional":true},"iam_id":{"type":"string","description":"User's IAM ID or or email of user","description_kind":"plain","required":true},"id":{"type":"string","description_kind":"plain","optional":true,"computed":true}},"description_kind":"plain"}},"ibm_ipsec_vpn":{"version":0,"block":{"attributes":{"customer_peer_ip":{"type":"string","description":"Customer Peer IP Address","description_kind":"plain","optional":true},"datacenter":{"type":"string","description":"Datacenter name","description_kind":"plain","required":true},"id":{"type":"string","description_kind":"plain","optional":true,"computed":true},"internal_peer_ip_address":{"type":"string","description_kind":"plain","computed":true},"internal_subnet_id":{"type":"number","description":"Internal subnet ID value","description_kind":"plain","optional":true},"name":{"type":"string","description_kind":"plain","computed":true},"preshared_key":{"type":"string","description":"Preshared Key data","description_kind":"plain","optional":true},"remote_subnet_id":{"type":"number","description":"Remote subnet ID value","description_kind":"plain","optional":true},"service_subnet_id":{"type":"number","description":"Service subnet ID value","description_kind":"plain","optional":true}},"block_types":{"address_translation":{"nesting_mode":"list","block":{"attributes":{"internal_ip_adress":{"type":"string","description_kind":"plain","required":true},"notes":{"type":"string","description_kind":"plain","optional":true},"remote_ip_adress":{"type":"string","description_kind":"plain","required":true}},"description_kind":"plain"},"max_items":1},"phase_one":{"nesting_mode":"list","block":{"attributes":{"authentication":{"type":"string","description_kind":"plain","optional":true},"diffie_hellman_group":{"type":"number","description_kind":"plain","optional":true},"encryption":{"type":"string","description_kind":"plain","optional":true},"keylife":{"type":"number","description_kind":"plain","optional":true}},"description_kind":"plain"},"max_items":1},"phase_two":{"nesting_mode":"list","block":{"attributes":{"authentication":{"type":"string","description_kind":"plain","optional":true},"diffie_hellman_group":{"type":"number","description_kind":"plain","optional":true},"encryption":{"type":"string","description_kind":"plain","optional":true},"keylife":{"type":"number","description_kind":"plain","optional":true}},"description_kind":"plain"},"max_items":1},"remote_subnet":{"nesting_mode":"list","block":{"attributes":{"account_id":{"type":"number","description_kind":"plain","optional":true},"remote_ip_adress":{"type":"string","description_kind":"plain","required":true},"remote_ip_cidr":{"type":"string","description_kind":"plain","required":true}},"description_kind":"plain"},"max_items":1}},"description_kind":"plain"}},"ibm_is_floating_ip":{"version":0,"block":{"attributes":{"address":{"type":"string","description":"Floating IP address","description_kind":"plain","computed":true},"id":{"type":"string","description_kind":"plain","optional":true,"computed":true},"name":{"type":"string","description":"Name of the floating IP","description_kind":"plain","required":true},"resource_controller_url":{"type":"string","description":"The URL of the IBM Cloud dashboard that can be used to explore and view details about this instance","description_kind":"plain","computed":true},"resource_crn":{"type":"string","description":"The crn of the resource","description_kind":"plain","computed":true},"resource_group":{"type":"string","description":"Resource group info","description_kind":"plain","optional":true,"computed":true},"resource_group_name":{"type":"string","description":"The resource group name in which resource is provisioned","description_kind":"plain","computed":true},"resource_name":{"type":"string","description":"The name of the resource","description_kind":"plain","computed":true},"resource_status":{"type":"string","description":"The status of the resource","description_kind":"plain","computed":true},"status":{"type":"string","description":"Floating IP status","description_kind":"plain","computed":true},"tags":{"type":["set","string"],"description":"Floating IP tags","description_kind":"plain","optional":true,"computed":true},"target":{"type":"string","description":"Target info","description_kind":"plain","optional":true,"computed":true},"zone":{"type":"string","description":"Zone name","description_kind":"plain","optional":true,"computed":true}},"block_types":{"timeouts":{"nesting_mode":"single","block":{"attributes":{"create":{"type":"string","description_kind":"plain","optional":true},"delete":{"type":"string","description_kind":"plain","optional":true}},"description_kind":"plain"}}},"description_kind":"plain"}},"ibm_is_flow_log":{"version":0,"block":{"attributes":{"active":{"type":"bool","description":"Indicates whether this collector is active","description_kind":"plain","optional":true},"auto_delete":{"type":"bool","description":"If set to true, this flow log collector will be automatically deleted when the target is deleted","description_kind":"plain","computed":true},"created_at":{"type":"string","description":"The date and time flow log was created","description_kind":"plain","computed":true},"crn":{"type":"string","description":"The CRN for this flow log collector","description_kind":"plain","computed":true},"href":{"type":"string","description":"The URL for this flow log collector","description_kind":"plain","computed":true},"id":{"type":"string","description_kind":"plain","optional":true,"computed":true},"lifecycle_state":{"type":"string","description":"The lifecycle state of the flow log collector","description_kind":"plain","computed":true},"name":{"type":"string","description":"Flow Log Collector name","description_kind":"plain","required":true},"resource_controller_url":{"type":"string","description":"The URL of the IBM Cloud dashboard that can be used to explore and view details about this instance","description_kind":"plain","computed":true},"resource_crn":{"type":"string","description":"The crn of the resource","description_kind":"plain","computed":true},"resource_group":{"type":"string","description":"The resource group of flow log","description_kind":"plain","optional":true,"computed":true},"resource_group_name":{"type":"string","description":"The resource group name in which resource is provisioned","description_kind":"plain","computed":true},"resource_name":{"type":"string","description":"The name of the resource","description_kind":"plain","computed":true},"resource_status":{"type":"string","description":"The status of the resource","description_kind":"plain","computed":true},"storage_bucket":{"type":"string","description":"The Cloud Object Storage bucket name where the collected flows will be logged","description_kind":"plain","required":true},"tags":{"type":["set","string"],"description":"Tags for the VPC Flow logs","description_kind":"plain","optional":true,"computed":true},"target":{"type":"string","description":"The target id that the flow log collector is to collect flow logs","description_kind":"plain","required":true},"vpc":{"type":"string","description":"The VPC this flow log collector is associated with","description_kind":"plain","computed":true}},"block_types":{"timeouts":{"nesting_mode":"single","block":{"attributes":{"create":{"type":"string","description_kind":"plain","optional":true},"delete":{"type":"string","description_kind":"plain","optional":true},"update":{"type":"string","description_kind":"plain","optional":true}},"description_kind":"plain"}}},"description_kind":"plain"}},"ibm_is_ike_policy":{"version":0,"block":{"attributes":{"authentication_algorithm":{"type":"string","description":"Authentication algorithm type","description_kind":"plain","required":true},"dh_group":{"type":"number","description":"IKE DH group","description_kind":"plain","required":true},"encryption_algorithm":{"type":"string","description":"Encryption alogorithm type","description_kind":"plain","required":true},"href":{"type":"string","description":"IKE href value","description_kind":"plain","computed":true},"id":{"type":"string","description_kind":"plain","optional":true,"computed":true},"ike_version":{"type":"number","description":"IKE version","description_kind":"plain","optional":true},"key_lifetime":{"type":"number","description":"IKE Key lifetime","description_kind":"plain","optional":true},"name":{"type":"string","description":"IKE name","description_kind":"plain","required":true},"negotiation_mode":{"type":"string","description":"IKE negotiation mode","description_kind":"plain","computed":true},"resource_controller_url":{"type":"string","description":"The URL of the IBM Cloud dashboard that can be used to explore and view details about this instance","description_kind":"plain","computed":true},"resource_group":{"type":"string","description":"IKE resource group ID","description_kind":"plain","optional":true,"computed":true},"resource_group_name":{"type":"string","description":"The resource group name in which resource is provisioned","description_kind":"plain","computed":true},"resource_name":{"type":"string","description":"The name of the resource","description_kind":"plain","computed":true},"vpn_connections":{"type":["list",["object",{"href":"string","id":"string","name":"string"}]],"description_kind":"plain","computed":true}},"description_kind":"plain"}},"ibm_is_image":{"version":0,"block":{"attributes":{"architecture":{"type":"string","description_kind":"plain","computed":true},"file":{"type":"string","description_kind":"plain","computed":true},"format":{"type":"string","description_kind":"plain","computed":true},"href":{"type":"string","description":"Image Href value","description_kind":"plain","required":true},"id":{"type":"string","description_kind":"plain","optional":true,"computed":true},"name":{"type":"string","description":"Image name","description_kind":"plain","required":true},"operating_system":{"type":"string","description":"Image Operating system","description_kind":"plain","required":true},"resource_controller_url":{"type":"string","description":"The URL of the IBM Cloud dashboard that can be used to explore and view details about this instance","description_kind":"plain","computed":true},"resource_crn":{"type":"string","description":"The crn of the resource","description_kind":"plain","computed":true},"resource_group":{"type":"string","description_kind":"plain","optional":true,"computed":true},"resource_group_name":{"type":"string","description":"The resource group name in which resource is provisioned","description_kind":"plain","computed":true},"resource_name":{"type":"string","description":"The name of the resource","description_kind":"plain","computed":true},"resource_status":{"type":"string","description":"The status of the resource","description_kind":"plain","computed":true},"size":{"type":"number","description_kind":"plain","computed":true},"status":{"type":"string","description_kind":"plain","computed":true},"tags":{"type":["set","string"],"description":"Tags for the image","description_kind":"plain","optional":true,"computed":true},"visibility":{"type":"string","description_kind":"plain","computed":true}},"block_types":{"timeouts":{"nesting_mode":"single","block":{"attributes":{"create":{"type":"string","description_kind":"plain","optional":true},"delete":{"type":"string","description_kind":"plain","optional":true},"update":{"type":"string","description_kind":"plain","optional":true}},"description_kind":"plain"}}},"description_kind":"plain"}},"ibm_is_instance":{"version":0,"block":{"attributes":{"generation":{"type":"string","description_kind":"plain","optional":true},"gpu":{"type":["list",["object",{"cores":"number","count":"number","manufacturer":"string","memory":"number","model":"string"}]],"description_kind":"plain","computed":true},"id":{"type":"string","description_kind":"plain","optional":true,"computed":true},"image":{"type":"string","description":"image name","description_kind":"plain","required":true},"keys":{"type":["set","string"],"description":"SSH key Ids for the instance","description_kind":"plain","required":true},"memory":{"type":"number","description":"Instance memory","description_kind":"plain","computed":true},"name":{"type":"string","description":"Instance name","description_kind":"plain","required":true},"profile":{"type":"string","description":"Profile info","description_kind":"plain","required":true},"resource_controller_url":{"type":"string","description":"The URL of the IBM Cloud dashboard that can be used to explore and view details about this instance","description_kind":"plain","computed":true},"resource_crn":{"type":"string","description":"The crn of the resource","description_kind":"plain","computed":true},"resource_group":{"type":"string","description":"Instance resource group","description_kind":"plain","optional":true,"computed":true},"resource_group_name":{"type":"string","description":"The resource group name in which resource is provisioned","description_kind":"plain","computed":true},"resource_name":{"type":"string","description":"The name of the resource","description_kind":"plain","computed":true},"resource_status":{"type":"string","description":"The status of the resource","description_kind":"plain","computed":true},"status":{"type":"string","description":"instance status","description_kind":"plain","computed":true},"tags":{"type":["set","string"],"description":"list of tags for the instance","description_kind":"plain","optional":true,"computed":true},"user_data":{"type":"string","description":"User data given for the instance","description_kind":"plain","optional":true},"vcpu":{"type":["list",["object",{"architecture":"string","count":"number"}]],"description_kind":"plain","computed":true},"volume_attachments":{"type":["list",["object",{"id":"string","name":"string","volume_crn":"string","volume_id":"string","volume_name":"string"}]],"description_kind":"plain","computed":true},"volumes":{"type":["set","string"],"description":"List of volumes","description_kind":"plain","optional":true},"vpc":{"type":"string","description":"VPC id","description_kind":"plain","required":true},"zone":{"type":"string","description":"Zone name","description_kind":"plain","required":true}},"block_types":{"boot_volume":{"nesting_mode":"list","block":{"attributes":{"encryption":{"type":"string","description_kind":"plain","optional":true,"computed":true},"iops":{"type":"number","description_kind":"plain","computed":true},"name":{"type":"string","description_kind":"plain","optional":true,"computed":true},"profile":{"type":"string","description_kind":"plain","computed":true},"size":{"type":"number","description_kind":"plain","computed":true}},"description_kind":"plain"},"max_items":1},"network_interfaces":{"nesting_mode":"list","block":{"attributes":{"id":{"type":"string","description_kind":"plain","computed":true},"name":{"type":"string","description_kind":"plain","optional":true,"computed":true},"primary_ipv4_address":{"type":"string","description_kind":"plain","optional":true,"computed":true},"security_groups":{"type":["set","string"],"description_kind":"plain","optional":true,"computed":true},"subnet":{"type":"string","description_kind":"plain","required":true}},"description_kind":"plain"}},"primary_network_interface":{"nesting_mode":"list","block":{"attributes":{"id":{"type":"string","description_kind":"plain","computed":true},"name":{"type":"string","description_kind":"plain","optional":true,"computed":true},"port_speed":{"type":"number","description_kind":"plain","optional":true},"primary_ipv4_address":{"type":"string","description_kind":"plain","optional":true,"computed":true},"security_groups":{"type":["set","string"],"description_kind":"plain","optional":true,"computed":true},"subnet":{"type":"string","description_kind":"plain","required":true}},"description_kind":"plain"},"min_items":1,"max_items":1},"timeouts":{"nesting_mode":"single","block":{"attributes":{"create":{"type":"string","description_kind":"plain","optional":true},"delete":{"type":"string","description_kind":"plain","optional":true},"update":{"type":"string","description_kind":"plain","optional":true}},"description_kind":"plain"}}},"description_kind":"plain"}},"ibm_is_instance_group":{"version":0,"block":{"attributes":{"application_port":{"type":"number","description":"Used by the instance group when scaling up instances to supply the port for the load balancer pool member.","description_kind":"plain","optional":true},"id":{"type":"string","description_kind":"plain","optional":true,"computed":true},"instance_count":{"type":"number","description":"The number of instances in the instance group","description_kind":"plain","required":true},"instance_template":{"type":"string","description":"instance template ID","description_kind":"plain","required":true},"load_balancer":{"type":"string","description":"load balancer ID","description_kind":"plain","optional":true},"load_balancer_pool":{"type":"string","description":"load balancer pool ID","description_kind":"plain","optional":true},"managers":{"type":["list","string"],"description":"list of Managers associated with instancegroup","description_kind":"plain","computed":true},"name":{"type":"string","description":"The user-defined name for this instance group","description_kind":"plain","required":true},"resource_group":{"type":"string","description":"Resource group ID","description_kind":"plain","optional":true,"computed":true},"status":{"type":"string","description":"Instance group status - deleting, healthy, scaling, unhealthy","description_kind":"plain","computed":true},"subnets":{"type":["list","string"],"description":"list of subnet IDs","description_kind":"plain","required":true},"vpc":{"type":"string","description":"vpc instance","description_kind":"plain","computed":true}},"block_types":{"timeouts":{"nesting_mode":"single","block":{"attributes":{"create":{"type":"string","description_kind":"plain","optional":true},"delete":{"type":"string","description_kind":"plain","optional":true},"update":{"type":"string","description_kind":"plain","optional":true}},"description_kind":"plain"}}},"description_kind":"plain"}},"ibm_is_instance_group_manager":{"version":0,"block":{"attributes":{"aggregation_window":{"type":"number","description":"The time window in seconds to aggregate metrics prior to evaluation","description_kind":"plain","optional":true},"cooldown":{"type":"number","description":"The duration of time in seconds to pause further scale actions after scaling has taken place","description_kind":"plain","optional":true},"enable_manager":{"type":"bool","description":"enable instance group manager","description_kind":"plain","optional":true},"id":{"type":"string","description_kind":"plain","optional":true,"computed":true},"instance_group":{"type":"string","description":"instance group ID","description_kind":"plain","required":true},"manager_id":{"type":"string","description":"instance group manager ID","description_kind":"plain","computed":true},"manager_type":{"type":"string","description":"The type of instance group manager.","description_kind":"plain","optional":true},"max_membership_count":{"type":"number","description":"The maximum number of members in a managed instance group","description_kind":"plain","required":true},"min_membership_count":{"type":"number","description":"The minimum number of members in a managed instance group","description_kind":"plain","optional":true},"name":{"type":"string","description":"instance group manager name","description_kind":"plain","optional":true},"policies":{"type":["list","string"],"description":"list of Policies associated with instancegroup manager","description_kind":"plain","computed":true}},"description_kind":"plain"}},"ibm_is_instance_group_manager_policy":{"version":0,"block":{"attributes":{"id":{"type":"string","description_kind":"plain","optional":true,"computed":true},"instance_group":{"type":"string","description":"instance group ID","description_kind":"plain","required":true},"instance_group_manager":{"type":"string","description":"Instance group manager ID","description_kind":"plain","required":true},"metric_type":{"type":"string","description":"The type of metric to be evaluated","description_kind":"plain","required":true},"metric_value":{"type":"number","description":"The metric value to be evaluated","description_kind":"plain","required":true},"name":{"type":"string","description":"instance group manager policy name","description_kind":"plain","optional":true},"policy_id":{"type":"string","description":"The Policy ID","description_kind":"plain","computed":true},"policy_type":{"type":"string","description":"The type of Policy for the Instance Group","description_kind":"plain","required":true}},"description_kind":"plain"}},"ibm_is_instance_template":{"version":0,"block":{"attributes":{"id":{"type":"string","description_kind":"plain","optional":true,"computed":true},"image":{"type":"string","description":"image name","description_kind":"plain","required":true},"keys":{"type":["set","string"],"description":"SSH key Ids for the instance template","description_kind":"plain","required":true},"name":{"type":"string","description":"Instance Template name","description_kind":"plain","required":true},"profile":{"type":"string","description":"Profile info","description_kind":"plain","required":true},"resource_group":{"type":"string","description":"Instance template resource group","description_kind":"plain","optional":true,"computed":true},"user_data":{"type":"string","description":"User data given for the instance","description_kind":"plain","optional":true},"vpc":{"type":"string","description":"VPC id","description_kind":"plain","required":true},"zone":{"type":"string","description":"Zone name","description_kind":"plain","required":true}},"block_types":{"boot_volume":{"nesting_mode":"list","block":{"attributes":{"delete_volume_on_instance_delete":{"type":"bool","description_kind":"plain","optional":true,"computed":true},"encryption":{"type":"string","description_kind":"plain","optional":true,"computed":true},"iops":{"type":"number","description_kind":"plain","optional":true,"computed":true},"name":{"type":"string","description_kind":"plain","optional":true,"computed":true},"profile":{"type":"string","description_kind":"plain","optional":true,"computed":true},"size":{"type":"number","description_kind":"plain","optional":true,"computed":true}},"description_kind":"plain"},"max_items":1},"network_interfaces":{"nesting_mode":"list","block":{"attributes":{"name":{"type":"string","description_kind":"plain","optional":true,"computed":true},"primary_ipv4_address":{"type":"string","description_kind":"plain","optional":true,"computed":true},"security_groups":{"type":["set","string"],"description_kind":"plain","optional":true,"computed":true},"subnet":{"type":"string","description_kind":"plain","required":true}},"description_kind":"plain"}},"primary_network_interface":{"nesting_mode":"list","block":{"attributes":{"name":{"type":"string","description_kind":"plain","optional":true,"computed":true},"primary_ipv4_address":{"type":"string","description_kind":"plain","optional":true,"computed":true},"security_groups":{"type":["set","string"],"description_kind":"plain","optional":true,"computed":true},"subnet":{"type":"string","description_kind":"plain","required":true}},"description_kind":"plain"},"min_items":1,"max_items":1},"volume_attachments":{"nesting_mode":"list","block":{"attributes":{"delete_volume_on_instance_delete":{"type":"bool","description_kind":"plain","required":true},"name":{"type":"string","description_kind":"plain","required":true},"volume":{"type":"string","description_kind":"plain","required":true}},"description_kind":"plain"}}},"description_kind":"plain"}},"ibm_is_ipsec_policy":{"version":0,"block":{"attributes":{"authentication_algorithm":{"type":"string","description":"Authentication alorothm","description_kind":"plain","required":true},"encapsulation_mode":{"type":"string","description":"IPSEC encapsulation mode","description_kind":"plain","computed":true},"encryption_algorithm":{"type":"string","description":"Encryption algorithm","description_kind":"plain","required":true},"id":{"type":"string","description_kind":"plain","optional":true,"computed":true},"key_lifetime":{"type":"number","description":"IPSEC key lifetime","description_kind":"plain","optional":true},"name":{"type":"string","description":"IPSEC name","description_kind":"plain","required":true},"pfs":{"type":"string","description":"PFS info","description_kind":"plain","required":true},"resource_controller_url":{"type":"string","description":"The URL of the IBM Cloud dashboard that can be used to explore and view details about this instance","description_kind":"plain","computed":true},"resource_crn":{"type":"string","description":"The crn of the resource","description_kind":"plain","computed":true},"resource_group":{"type":"string","description":"Resource group info","description_kind":"plain","optional":true,"computed":true},"resource_group_name":{"type":"string","description":"The resource group name in which resource is provisioned","description_kind":"plain","computed":true},"resource_name":{"type":"string","description":"The name of the resource","description_kind":"plain","computed":true},"transform_protocol":{"type":"string","description":"IPSEC transform protocol","description_kind":"plain","computed":true},"vpn_connections":{"type":["list",["object",{"href":"string","id":"string","name":"string"}]],"description_kind":"plain","computed":true}},"description_kind":"plain"}},"ibm_is_lb":{"version":0,"block":{"attributes":{"hostname":{"type":"string","description_kind":"plain","computed":true},"id":{"type":"string","description_kind":"plain","optional":true,"computed":true},"name":{"type":"string","description":"Load Balancer name","description_kind":"plain","required":true},"operating_status":{"type":"string","description_kind":"plain","computed":true},"private_ips":{"type":["list","string"],"description_kind":"plain","computed":true},"public_ips":{"type":["list","string"],"description_kind":"plain","computed":true},"resource_controller_url":{"type":"string","description":"The URL of the IBM Cloud dashboard that can be used to explore and view details about this instance","description_kind":"plain","computed":true},"resource_group":{"type":"string","description_kind":"plain","optional":true,"computed":true},"resource_group_name":{"type":"string","description":"The resource group name in which resource is provisioned","description_kind":"plain","computed":true},"resource_name":{"type":"string","description":"The name of the resource","description_kind":"plain","computed":true},"status":{"type":"string","description_kind":"plain","computed":true},"subnets":{"type":["set","string"],"description":"Load Balancer subnets list","description_kind":"plain","required":true},"tags":{"type":["set","string"],"description_kind":"plain","optional":true,"computed":true},"type":{"type":"string","description":"Load Balancer type","description_kind":"plain","optional":true}},"block_types":{"timeouts":{"nesting_mode":"single","block":{"attributes":{"create":{"type":"string","description_kind":"plain","optional":true},"delete":{"type":"string","description_kind":"plain","optional":true}},"description_kind":"plain"}}},"description_kind":"plain"}},"ibm_is_lb_listener":{"version":0,"block":{"attributes":{"certificate_instance":{"type":"string","description":"certificate instance for the Loadbalancer","description_kind":"plain","optional":true},"connection_limit":{"type":"number","description":"Connection limit for Loadbalancer","description_kind":"plain","optional":true},"default_pool":{"type":"string","description":"Loadbalancer default pool info","description_kind":"plain","optional":true,"computed":true},"id":{"type":"string","description_kind":"plain","optional":true,"computed":true},"lb":{"type":"string","description":"Loadbalancer listener ID","description_kind":"plain","required":true},"listener_id":{"type":"string","description_kind":"plain","computed":true},"port":{"type":"number","description":"Loadbalancer listener port","description_kind":"plain","required":true},"protocol":{"type":"string","description":"Loadbalancer protocol","description_kind":"plain","required":true},"related_crn":{"type":"string","description":"The crn of the LB resource","description_kind":"plain","computed":true},"status":{"type":"string","description":"Loadbalancer listener status","description_kind":"plain","computed":true}},"block_types":{"timeouts":{"nesting_mode":"single","block":{"attributes":{"create":{"type":"string","description_kind":"plain","optional":true},"delete":{"type":"string","description_kind":"plain","optional":true},"update":{"type":"string","description_kind":"plain","optional":true}},"description_kind":"plain"}}},"description_kind":"plain"}},"ibm_is_lb_listener_policy":{"version":0,"block":{"attributes":{"action":{"type":"string","description":"Policy Action","description_kind":"plain","required":true},"id":{"type":"string","description_kind":"plain","optional":true,"computed":true},"lb":{"type":"string","description":"Load Balancer Listener Policy","description_kind":"plain","required":true},"listener":{"type":"string","description":"Listener ID","description_kind":"plain","required":true},"name":{"type":"string","description":"Policy name","description_kind":"plain","optional":true,"computed":true},"policy_id":{"type":"string","description":"Listener Policy ID","description_kind":"plain","computed":true},"priority":{"type":"number","description":"Listener Policy Priority","description_kind":"plain","required":true},"provisioning_status":{"type":"string","description":"Listner Policy status","description_kind":"plain","computed":true},"related_crn":{"type":"string","description":"The crn of the LB resource","description_kind":"plain","computed":true},"target_http_status_code":{"type":"number","description":"Listener Policy target HTTPS Status code.","description_kind":"plain","optional":true},"target_id":{"type":"string","description":"Listener Policy Target ID","description_kind":"plain","optional":true},"target_url":{"type":"string","description":"Policy Target URL","description_kind":"plain","optional":true}},"block_types":{"rules":{"nesting_mode":"list","block":{"attributes":{"condition":{"type":"string","description":"Condition of the rule","description_kind":"plain","required":true},"field":{"type":"string","description":"HTTP header field. This is only applicable to rule type.","description_kind":"plain","optional":true},"rule_id":{"type":"string","description":"Rule ID","description_kind":"plain","computed":true},"type":{"type":"string","description":"Type of the rule","description_kind":"plain","required":true},"value":{"type":"string","description":"Value to be matched for rule condition","description_kind":"plain","required":true}},"description_kind":"plain"}},"timeouts":{"nesting_mode":"single","block":{"attributes":{"create":{"type":"string","description_kind":"plain","optional":true},"delete":{"type":"string","description_kind":"plain","optional":true},"update":{"type":"string","description_kind":"plain","optional":true}},"description_kind":"plain"}}},"description_kind":"plain"}},"ibm_is_lb_listener_policy_rule":{"version":0,"block":{"attributes":{"condition":{"type":"string","description":"Condition info of the rule.","description_kind":"plain","required":true},"field":{"type":"string","description_kind":"plain","optional":true},"id":{"type":"string","description_kind":"plain","optional":true,"computed":true},"lb":{"type":"string","description":"Loadbalancer ID","description_kind":"plain","required":true},"listener":{"type":"string","description":"Listener ID.","description_kind":"plain","required":true},"policy":{"type":"string","description":"Listener Policy ID","description_kind":"plain","required":true},"provisioning_status":{"type":"string","description_kind":"plain","computed":true},"related_crn":{"type":"string","description":"The crn of the LB resource","description_kind":"plain","computed":true},"rule":{"type":"string","description_kind":"plain","computed":true},"type":{"type":"string","description":"Policy rule type.","description_kind":"plain","required":true},"value":{"type":"string","description":"policy rule value info","description_kind":"plain","required":true}},"block_types":{"timeouts":{"nesting_mode":"single","block":{"attributes":{"create":{"type":"string","description_kind":"plain","optional":true},"delete":{"type":"string","description_kind":"plain","optional":true},"update":{"type":"string","description_kind":"plain","optional":true}},"description_kind":"plain"}}},"description_kind":"plain"}},"ibm_is_lb_pool":{"version":0,"block":{"attributes":{"algorithm":{"type":"string","description":"Load Balancer Pool algorithm","description_kind":"plain","required":true},"health_delay":{"type":"number","description":"Load Blancer health delay time period","description_kind":"plain","required":true},"health_monitor_port":{"type":"number","description":"Health monitor Port the LB Pool","description_kind":"plain","optional":true,"computed":true},"health_monitor_url":{"type":"string","description":"Health monitor URL of LB Pool","description_kind":"plain","optional":true,"computed":true},"health_retries":{"type":"number","description":"Load Balancer health retry count","description_kind":"plain","required":true},"health_timeout":{"type":"number","description":"Load Balancer health timeout interval","description_kind":"plain","required":true},"health_type":{"type":"string","description":"Load Balancer health type","description_kind":"plain","required":true},"id":{"type":"string","description_kind":"plain","optional":true,"computed":true},"lb":{"type":"string","description":"Load Balancer ID","description_kind":"plain","required":true},"name":{"type":"string","description":"Load Balancer Pool name","description_kind":"plain","required":true},"pool_id":{"type":"string","description":"The LB Pool id","description_kind":"plain","computed":true},"protocol":{"type":"string","description":"Load Balancer Protocol","description_kind":"plain","required":true},"provisioning_status":{"type":"string","description":"Status of the LB Pool","description_kind":"plain","computed":true},"related_crn":{"type":"string","description":"The crn of the LB resource","description_kind":"plain","computed":true},"session_persistence_cookie_name":{"type":"string","description":"Load Balancer Pool session persisence cookie name","description_kind":"plain","optional":true},"session_persistence_type":{"type":"string","description":"Load Balancer Pool session persisence type.","description_kind":"plain","optional":true}},"block_types":{"timeouts":{"nesting_mode":"single","block":{"attributes":{"create":{"type":"string","description_kind":"plain","optional":true},"delete":{"type":"string","description_kind":"plain","optional":true},"update":{"type":"string","description_kind":"plain","optional":true}},"description_kind":"plain"}}},"description_kind":"plain"}},"ibm_is_lb_pool_member":{"version":0,"block":{"attributes":{"health":{"type":"string","description":"LB Pool member health","description_kind":"plain","computed":true},"href":{"type":"string","description":"LB pool member Href value","description_kind":"plain","computed":true},"id":{"type":"string","description_kind":"plain","optional":true,"computed":true},"lb":{"type":"string","description":"Load balancer ID","description_kind":"plain","required":true},"pool":{"type":"string","description":"Loadblancer Poold ID","description_kind":"plain","required":true},"port":{"type":"number","description":"Load Balancer Pool port","description_kind":"plain","required":true},"provisioning_status":{"type":"string","description":"Load balancer Pool member provisioning status","description_kind":"plain","computed":true},"related_crn":{"type":"string","description":"The crn of the LB resource","description_kind":"plain","computed":true},"target_address":{"type":"string","description":"Load balancer pool member target address","description_kind":"plain","required":true},"weight":{"type":"number","description":"Load balcner pool member weight","description_kind":"plain","optional":true,"computed":true}},"block_types":{"timeouts":{"nesting_mode":"single","block":{"attributes":{"create":{"type":"string","description_kind":"plain","optional":true},"delete":{"type":"string","description_kind":"plain","optional":true},"update":{"type":"string","description_kind":"plain","optional":true}},"description_kind":"plain"}}},"description_kind":"plain"}},"ibm_is_network_acl":{"version":0,"block":{"attributes":{"id":{"type":"string","description_kind":"plain","optional":true,"computed":true},"name":{"type":"string","description":"Network ACL name","description_kind":"plain","required":true},"resource_controller_url":{"type":"string","description":"The URL of the IBM Cloud dashboard that can be used to explore and view details about this instance","description_kind":"plain","computed":true},"resource_crn":{"type":"string","description":"The crn of the resource","description_kind":"plain","computed":true},"resource_group":{"type":"string","description":"Resource group ID for the network ACL","description_kind":"plain","optional":true,"computed":true},"resource_group_name":{"type":"string","description":"The resource group name in which resource is provisioned","description_kind":"plain","computed":true},"resource_name":{"type":"string","description":"The name of the resource","description_kind":"plain","computed":true},"vpc":{"type":"string","description":"Network ACL VPC name","description_kind":"plain","optional":true}},"block_types":{"rules":{"nesting_mode":"list","block":{"attributes":{"action":{"type":"string","description_kind":"plain","required":true},"destination":{"type":"string","description_kind":"plain","required":true},"direction":{"type":"string","description":"Direction of traffic to enforce, either inbound or outbound","description_kind":"plain","required":true},"id":{"type":"string","description_kind":"plain","computed":true},"ip_version":{"type":"string","description_kind":"plain","computed":true},"name":{"type":"string","description_kind":"plain","required":true},"source":{"type":"string","description_kind":"plain","required":true},"subnets":{"type":"number","description_kind":"plain","computed":true}},"block_types":{"icmp":{"nesting_mode":"list","block":{"attributes":{"code":{"type":"number","description_kind":"plain","optional":true},"type":{"type":"number","description_kind":"plain","optional":true}},"description_kind":"plain"},"max_items":1},"tcp":{"nesting_mode":"list","block":{"attributes":{"port_max":{"type":"number","description_kind":"plain","optional":true},"port_min":{"type":"number","description_kind":"plain","optional":true},"source_port_max":{"type":"number","description_kind":"plain","optional":true},"source_port_min":{"type":"number","description_kind":"plain","optional":true}},"description_kind":"plain"},"max_items":1},"udp":{"nesting_mode":"list","block":{"attributes":{"port_max":{"type":"number","description_kind":"plain","optional":true},"port_min":{"type":"number","description_kind":"plain","optional":true},"source_port_max":{"type":"number","description_kind":"plain","optional":true},"source_port_min":{"type":"number","description_kind":"plain","optional":true}},"description_kind":"plain"},"max_items":1}},"description_kind":"plain"}},"timeouts":{"nesting_mode":"single","block":{"attributes":{"create":{"type":"string","description_kind":"plain","optional":true},"delete":{"type":"string","description_kind":"plain","optional":true}},"description_kind":"plain"}}},"description_kind":"plain"}},"ibm_is_public_gateway":{"version":0,"block":{"attributes":{"floating_ip":{"type":["map","string"],"description_kind":"plain","optional":true,"computed":true},"id":{"type":"string","description_kind":"plain","optional":true,"computed":true},"name":{"type":"string","description":"Name of the Public gateway instance","description_kind":"plain","required":true},"resource_controller_url":{"type":"string","description":"The URL of the IBM Cloud dashboard that can be used to explore and view details about this instance","description_kind":"plain","computed":true},"resource_crn":{"type":"string","description":"The crn of the resource","description_kind":"plain","computed":true},"resource_group":{"type":"string","description":"Public gateway resource group info","description_kind":"plain","optional":true,"computed":true},"resource_group_name":{"type":"string","description":"The resource group name in which resource is provisioned","description_kind":"plain","computed":true},"resource_name":{"type":"string","description":"The name of the resource","description_kind":"plain","computed":true},"resource_status":{"type":"string","description":"The status of the resource","description_kind":"plain","computed":true},"status":{"type":"string","description":"Public gateway instance status","description_kind":"plain","computed":true},"tags":{"type":["set","string"],"description":"Service tags for the public gateway instance","description_kind":"plain","optional":true,"computed":true},"vpc":{"type":"string","description":"Public gateway VPC info","description_kind":"plain","required":true},"zone":{"type":"string","description":"Public gateway zone info","description_kind":"plain","required":true}},"block_types":{"timeouts":{"nesting_mode":"single","block":{"attributes":{"create":{"type":"string","description_kind":"plain","optional":true},"delete":{"type":"string","description_kind":"plain","optional":true}},"description_kind":"plain"}}},"description_kind":"plain"}},"ibm_is_security_group":{"version":0,"block":{"attributes":{"id":{"type":"string","description_kind":"plain","optional":true,"computed":true},"name":{"type":"string","description":"Security group name","description_kind":"plain","optional":true,"computed":true},"resource_controller_url":{"type":"string","description":"The URL of the IBM Cloud dashboard that can be used to explore and view details about this instance","description_kind":"plain","computed":true},"resource_crn":{"type":"string","description":"The crn of the resource","description_kind":"plain","computed":true},"resource_group":{"type":"string","description":"Resource Group ID","description_kind":"plain","optional":true,"computed":true},"resource_group_name":{"type":"string","description":"The resource group name in which resource is provisioned","description_kind":"plain","computed":true},"resource_name":{"type":"string","description":"The name of the resource","description_kind":"plain","computed":true},"rules":{"type":["list",["object",{"code":"number","direction":"string","ip_version":"string","port_max":"number","port_min":"number","protocol":"string","remote":"string","type":"number"}]],"description":"Security Rules","description_kind":"plain","computed":true},"vpc":{"type":"string","description":"Security group's resource group id","description_kind":"plain","required":true}},"description_kind":"plain"}},"ibm_is_security_group_network_interface_attachment":{"version":0,"block":{"attributes":{"floating_ips":{"type":["list",["object",{"address":"string","crn":"string","id":"string","name":"string"}]],"description_kind":"plain","computed":true},"id":{"type":"string","description_kind":"plain","optional":true,"computed":true},"instance_network_interface":{"type":"string","description":"security group network interface attachment network interface ID","description_kind":"plain","computed":true},"name":{"type":"string","description":"security group network interface attachment name","description_kind":"plain","computed":true},"network_interface":{"type":"string","description":"security group network interface attachment NIC ID","description_kind":"plain","required":true},"port_speed":{"type":"number","description":"security group network interface attachment port speed","description_kind":"plain","computed":true},"primary_ipv4_address":{"type":"string","description":"security group network interface attachment Primary IPV4 address","description_kind":"plain","computed":true},"primary_ipv6_address":{"type":"string","description_kind":"plain","computed":true},"related_crn":{"type":"string","description":"The crn of the Security Group","description_kind":"plain","computed":true},"secondary_address":{"type":["set","string"],"description":"security group network interface attachment secondary address","description_kind":"plain","computed":true},"security_group":{"type":"string","description":"security group network interface attachment group ID","description_kind":"plain","required":true},"security_groups":{"type":["list",["object",{"crn":"string","id":"string","name":"string"}]],"description_kind":"plain","computed":true},"status":{"type":"string","description":"security group network interface attachment status","description_kind":"plain","computed":true},"subnet":{"type":"string","description":"security group network interface attachment subnet","description_kind":"plain","computed":true},"type":{"type":"string","description":"security group network interface attachment type","description_kind":"plain","computed":true}},"description_kind":"plain"}},"ibm_is_security_group_rule":{"version":0,"block":{"attributes":{"direction":{"type":"string","description":"Direction of traffic to enforce, either inbound or outbound","description_kind":"plain","required":true},"group":{"type":"string","description":"Security group id","description_kind":"plain","required":true},"id":{"type":"string","description_kind":"plain","optional":true,"computed":true},"ip_version":{"type":"string","description":"IP version: ipv4 or ipv6","description_kind":"plain","optional":true},"related_crn":{"type":"string","description":"The crn of the Security Group","description_kind":"plain","computed":true},"remote":{"type":"string","description":"Security group id: an IP address, a CIDR block, or a single security group identifier","description_kind":"plain","optional":true},"rule_id":{"type":"string","description":"Rule id","description_kind":"plain","computed":true}},"block_types":{"icmp":{"nesting_mode":"list","block":{"attributes":{"code":{"type":"number","description_kind":"plain","optional":true},"type":{"type":"number","description_kind":"plain","optional":true}},"description_kind":"plain"},"max_items":1},"tcp":{"nesting_mode":"list","block":{"attributes":{"port_max":{"type":"number","description_kind":"plain","optional":true},"port_min":{"type":"number","description_kind":"plain","optional":true}},"description_kind":"plain"},"max_items":1},"udp":{"nesting_mode":"list","block":{"attributes":{"port_max":{"type":"number","description_kind":"plain","optional":true},"port_min":{"type":"number","description_kind":"plain","optional":true}},"description_kind":"plain"},"max_items":1}},"description_kind":"plain"}},"ibm_is_ssh_key":{"version":0,"block":{"attributes":{"fingerprint":{"type":"string","description":"SSH key Fingerprint info","description_kind":"plain","computed":true},"id":{"type":"string","description_kind":"plain","optional":true,"computed":true},"length":{"type":"number","description":"SSH key Length","description_kind":"plain","computed":true},"name":{"type":"string","description":"SSH Key name","description_kind":"plain","required":true},"public_key":{"type":"string","description":"SSH Public key data","description_kind":"plain","required":true},"resource_controller_url":{"type":"string","description":"The URL of the IBM Cloud dashboard that can be used to explore and view details about this instance","description_kind":"plain","computed":true},"resource_crn":{"type":"string","description":"The crn of the resource","description_kind":"plain","computed":true},"resource_group":{"type":"string","description":"Resource group ID","description_kind":"plain","optional":true,"computed":true},"resource_group_name":{"type":"string","description":"The resource group name in which resource is provisioned","description_kind":"plain","computed":true},"resource_name":{"type":"string","description":"The name of the resource","description_kind":"plain","computed":true},"tags":{"type":["set","string"],"description":"List of tags for SSH key","description_kind":"plain","optional":true,"computed":true},"type":{"type":"string","description":"Key type","description_kind":"plain","computed":true}},"description_kind":"plain"}},"ibm_is_subnet":{"version":0,"block":{"attributes":{"available_ipv4_address_count":{"type":"string","description_kind":"plain","computed":true},"id":{"type":"string","description_kind":"plain","optional":true,"computed":true},"ipv4_cidr_block":{"type":"string","description":"IPV4 subnet - CIDR block","description_kind":"plain","optional":true,"computed":true},"ipv6_cidr_block":{"type":"string","description_kind":"plain","computed":true},"name":{"type":"string","description":"Subnet name","description_kind":"plain","required":true},"network_acl":{"type":"string","description_kind":"plain","optional":true,"computed":true},"public_gateway":{"type":"string","description":"Public Gateway of the subnet","description_kind":"plain","optional":true},"resource_controller_url":{"type":"string","description":"The URL of the IBM Cloud dashboard that can be used to explore and view details about this instance","description_kind":"plain","computed":true},"resource_crn":{"type":"string","description":"The crn of the resource","description_kind":"plain","computed":true},"resource_group":{"type":"string","description_kind":"plain","optional":true,"computed":true},"resource_group_name":{"type":"string","description":"The resource group name in which resource is provisioned","description_kind":"plain","computed":true},"resource_name":{"type":"string","description":"The name of the resource","description_kind":"plain","computed":true},"resource_status":{"type":"string","description":"The status of the resource","description_kind":"plain","computed":true},"status":{"type":"string","description_kind":"plain","computed":true},"total_ipv4_address_count":{"type":"number","description_kind":"plain","optional":true,"computed":true},"vpc":{"type":"string","description":"VPC instance ID","description_kind":"plain","required":true},"zone":{"type":"string","description":"Subnet zone info","description_kind":"plain","required":true}},"block_types":{"timeouts":{"nesting_mode":"single","block":{"attributes":{"create":{"type":"string","description_kind":"plain","optional":true},"delete":{"type":"string","description_kind":"plain","optional":true},"update":{"type":"string","description_kind":"plain","optional":true}},"description_kind":"plain"}}},"description_kind":"plain"}},"ibm_is_volume":{"version":0,"block":{"attributes":{"capacity":{"type":"number","description":"Vloume capacity value","description_kind":"plain","optional":true},"crn":{"type":"string","description":"CRN value for the volume instance","description_kind":"plain","computed":true},"encryption_key":{"type":"string","description":"Volume encryption key info","description_kind":"plain","optional":true,"computed":true},"id":{"type":"string","description_kind":"plain","optional":true,"computed":true},"iops":{"type":"number","description":"IOPS value for the Volume","description_kind":"plain","optional":true,"computed":true},"name":{"type":"string","description":"Volume name","description_kind":"plain","required":true},"profile":{"type":"string","description":"Vloume profile name","description_kind":"plain","required":true},"resource_controller_url":{"type":"string","description":"The URL of the IBM Cloud dashboard that can be used to explore and view details about this instance","description_kind":"plain","computed":true},"resource_crn":{"type":"string","description":"The crn of the resource","description_kind":"plain","computed":true},"resource_group":{"type":"string","description":"Resource group name","description_kind":"plain","optional":true,"computed":true},"resource_group_name":{"type":"string","description":"The resource group name in which resource is provisioned","description_kind":"plain","computed":true},"resource_name":{"type":"string","description":"The name of the resource","description_kind":"plain","computed":true},"resource_status":{"type":"string","description":"The status of the resource","description_kind":"plain","computed":true},"status":{"type":"string","description":"Volume status","description_kind":"plain","computed":true},"tags":{"type":["set","string"],"description":"Tags for the volume instance","description_kind":"plain","optional":true,"computed":true},"zone":{"type":"string","description":"Zone name","description_kind":"plain","required":true}},"block_types":{"timeouts":{"nesting_mode":"single","block":{"attributes":{"create":{"type":"string","description_kind":"plain","optional":true},"delete":{"type":"string","description_kind":"plain","optional":true}},"description_kind":"plain"}}},"description_kind":"plain"}},"ibm_is_vpc":{"version":0,"block":{"attributes":{"address_prefix_management":{"type":"string","description":"Address Prefix management value","description_kind":"plain","optional":true},"classic_access":{"type":"bool","description":"Set to true if classic access needs to enabled to VPC","description_kind":"plain","optional":true},"crn":{"type":"string","description":"The crn of the resource","description_kind":"plain","computed":true},"cse_source_addresses":{"type":["list",["object",{"address":"string","zone_name":"string"}]],"description_kind":"plain","computed":true},"default_network_acl":{"type":"string","description":"Default network ACL","description_kind":"plain","optional":true,"computed":true},"default_security_group":{"type":"string","description":"Security group associated with VPC","description_kind":"plain","computed":true},"id":{"type":"string","description_kind":"plain","optional":true,"computed":true},"is_default":{"type":"bool","description_kind":"plain","optional":true},"name":{"type":"string","description":"VPC name","description_kind":"plain","required":true},"resource_controller_url":{"type":"string","description":"The URL of the IBM Cloud dashboard that can be used to explore and view details about this instance","description_kind":"plain","computed":true},"resource_crn":{"type":"string","description":"The crn of the resource","description_kind":"plain","computed":true},"resource_group":{"type":"string","description":"Resource group info","description_kind":"plain","optional":true,"computed":true},"resource_group_name":{"type":"string","description":"The resource group name in which resource is provisioned","description_kind":"plain","computed":true},"resource_name":{"type":"string","description":"The name of the resource","description_kind":"plain","computed":true},"resource_status":{"type":"string","description":"The status of the resource","description_kind":"plain","computed":true},"security_group":{"type":["list",["object",{"group_id":"string","group_name":"string","rules":["list",["object",{"code":"number","direction":"string","ip_version":"string","port_max":"number","port_min":"number","protocol":"string","remote":"string","rule_id":"string","type":"number"}]]}]],"description_kind":"plain","computed":true},"status":{"type":"string","description":"VPC status","description_kind":"plain","computed":true},"subnets":{"type":["list",["object",{"available_ipv4_address_count":"number","id":"string","name":"string","status":"string","total_ipv4_address_count":"number","zone":"string"}]],"description_kind":"plain","computed":true},"tags":{"type":["set","string"],"description":"List of tags","description_kind":"plain","optional":true,"computed":true}},"block_types":{"timeouts":{"nesting_mode":"single","block":{"attributes":{"create":{"type":"string","description_kind":"plain","optional":true},"delete":{"type":"string","description_kind":"plain","optional":true}},"description_kind":"plain"}}},"description_kind":"plain"}},"ibm_is_vpc_address_prefix":{"version":0,"block":{"attributes":{"cidr":{"type":"string","description":"CIDIR address prefix","description_kind":"plain","required":true},"has_subnets":{"type":"bool","description":"Boolean value, set to true if VPC instance have subnets","description_kind":"plain","computed":true},"id":{"type":"string","description_kind":"plain","optional":true,"computed":true},"name":{"type":"string","description":"Name","description_kind":"plain","required":true},"related_crn":{"type":"string","description":"The crn of the VPC resource","description_kind":"plain","computed":true},"vpc":{"type":"string","description":"VPC id","description_kind":"plain","required":true},"zone":{"type":"string","description":"Zone name","description_kind":"plain","required":true}},"description_kind":"plain"}},"ibm_is_vpc_route":{"version":0,"block":{"attributes":{"destination":{"type":"string","description":"VPC route destination CIDR value","description_kind":"plain","required":true},"id":{"type":"string","description_kind":"plain","optional":true,"computed":true},"name":{"type":"string","description":"VPC route name","description_kind":"plain","required":true},"next_hop":{"type":"string","description":"VPC route next hop value","description_kind":"plain","required":true},"related_crn":{"type":"string","description":"The crn of the VPC resource","description_kind":"plain","computed":true},"status":{"type":"string","description_kind":"plain","computed":true},"vpc":{"type":"string","description":"VPC instance ID","description_kind":"plain","required":true},"zone":{"type":"string","description":"VPC route location","description_kind":"plain","required":true}},"block_types":{"timeouts":{"nesting_mode":"single","block":{"attributes":{"create":{"type":"string","description_kind":"plain","optional":true},"delete":{"type":"string","description_kind":"plain","optional":true}},"description_kind":"plain"}}},"description_kind":"plain"}},"ibm_is_vpn_gateway":{"version":0,"block":{"attributes":{"id":{"type":"string","description_kind":"plain","optional":true,"computed":true},"name":{"type":"string","description":"VPN Gateway instance name","description_kind":"plain","required":true},"public_ip_address":{"type":"string","description_kind":"plain","computed":true},"resource_controller_url":{"type":"string","description":"The URL of the IBM Cloud dashboard that can be used to explore and view details about this instance","description_kind":"plain","computed":true},"resource_crn":{"type":"string","description":"The crn of the resource","description_kind":"plain","computed":true},"resource_group":{"type":"string","description_kind":"plain","optional":true,"computed":true},"resource_group_name":{"type":"string","description":"The resource group name in which resource is provisioned","description_kind":"plain","computed":true},"resource_name":{"type":"string","description":"The name of the resource","description_kind":"plain","computed":true},"resource_status":{"type":"string","description":"The status of the resource","description_kind":"plain","computed":true},"status":{"type":"string","description_kind":"plain","computed":true},"subnet":{"type":"string","description":"VPNGateway subnet info","description_kind":"plain","required":true},"tags":{"type":["set","string"],"description":"VPN Gateway tags list","description_kind":"plain","optional":true,"computed":true}},"block_types":{"timeouts":{"nesting_mode":"single","block":{"attributes":{"create":{"type":"string","description_kind":"plain","optional":true},"delete":{"type":"string","description_kind":"plain","optional":true}},"description_kind":"plain"}}},"description_kind":"plain"}},"ibm_is_vpn_gateway_connection":{"version":0,"block":{"attributes":{"action":{"type":"string","description":"Action detection for dead peer detection action","description_kind":"plain","optional":true},"admin_state_up":{"type":"bool","description":"VPN gateway connection admin state","description_kind":"plain","optional":true},"id":{"type":"string","description_kind":"plain","optional":true,"computed":true},"ike_policy":{"type":"string","description":"VPN gateway connection IKE Policy","description_kind":"plain","optional":true},"interval":{"type":"number","description":"Interval for dead peer detection interval","description_kind":"plain","optional":true},"ipsec_policy":{"type":"string","description":"IP security policy for vpn gateway connection","description_kind":"plain","optional":true},"local_cidrs":{"type":["set","string"],"description":"VPN gateway connection local CIDRs","description_kind":"plain","optional":true},"name":{"type":"string","description":"VPN Gateway connection name","description_kind":"plain","required":true},"peer_address":{"type":"string","description":"VPN gateway connection peer address","description_kind":"plain","required":true},"peer_cidrs":{"type":["set","string"],"description":"VPN gateway connection peer CIDRs","description_kind":"plain","optional":true},"preshared_key":{"type":"string","description":"vpn gateway","description_kind":"plain","required":true},"related_crn":{"type":"string","description":"The crn of the VPN Gateway resource","description_kind":"plain","computed":true},"status":{"type":"string","description":"VPN gateway connection status","description_kind":"plain","computed":true},"timeout":{"type":"number","description":"Timeout for dead peer detection","description_kind":"plain","optional":true},"vpn_gateway":{"type":"string","description":"VPN Gateway info","description_kind":"plain","required":true}},"block_types":{"timeouts":{"nesting_mode":"single","block":{"attributes":{"delete":{"type":"string","description_kind":"plain","optional":true}},"description_kind":"plain"}}},"description_kind":"plain"}},"ibm_kms_key":{"version":0,"block":{"attributes":{"crn":{"type":"string","description":"Crn of the key","description_kind":"plain","computed":true},"encrypted_nonce":{"type":"string","description":"Only for imported root key","description_kind":"plain","optional":true},"endpoint_type":{"type":"string","description":"public or private","description_kind":"plain","optional":true},"force_delete":{"type":"bool","description":"set to true to force delete the key","description_kind":"plain","optional":true},"id":{"type":"string","description_kind":"plain","optional":true,"computed":true},"instance_id":{"type":"string","description":"Key protect or hpcs instance GUID","description_kind":"plain","required":true},"iv_value":{"type":"string","description":"Only for imported root key","description_kind":"plain","optional":true},"key_id":{"type":"string","description":"Key ID","description_kind":"plain","computed":true},"key_name":{"type":"string","description":"Key name","description_kind":"plain","required":true},"payload":{"type":"string","description_kind":"plain","optional":true,"computed":true},"resource_controller_url":{"type":"string","description":"The URL of the IBM Cloud dashboard that can be used to explore and view details about the resource","description_kind":"plain","computed":true},"resource_crn":{"type":"string","description":"The crn of the resource","description_kind":"plain","computed":true},"resource_group_name":{"type":"string","description":"The resource group name in which resource is provisioned","description_kind":"plain","computed":true},"resource_name":{"type":"string","description":"The name of the resource","description_kind":"plain","computed":true},"resource_status":{"type":"string","description":"The status of the resource","description_kind":"plain","computed":true},"standard_key":{"type":"bool","description":"Standard key type","description_kind":"plain","optional":true},"type":{"type":"string","description":"type of service hs-crypto or kms","description_kind":"plain","computed":true}},"block_types":{"timeouts":{"nesting_mode":"single","block":{"attributes":{"create":{"type":"string","description_kind":"plain","optional":true},"update":{"type":"string","description_kind":"plain","optional":true}},"description_kind":"plain"}}},"description_kind":"plain"}},"ibm_kp_key":{"version":0,"block":{"attributes":{"crn":{"type":"string","description":"Crn of the key","description_kind":"plain","computed":true},"encrypted_nonce":{"type":"string","description":"Only for imported root key","description_kind":"plain","optional":true},"force_delete":{"type":"bool","description":"set to true to force delete the key","description_kind":"plain","optional":true},"id":{"type":"string","description_kind":"plain","optional":true,"computed":true},"iv_value":{"type":"string","description":"Only for imported root key","description_kind":"plain","optional":true},"key_id":{"type":"string","description":"Key ID","description_kind":"plain","computed":true},"key_name":{"type":"string","description":"Key name","description_kind":"plain","required":true},"key_protect_id":{"type":"string","description":"Key protect instance ID","description_kind":"plain","required":true},"payload":{"type":"string","description_kind":"plain","optional":true,"computed":true},"resource_controller_url":{"type":"string","description":"The URL of the IBM Cloud dashboard that can be used to explore and view details about the resource","description_kind":"plain","computed":true},"resource_crn":{"type":"string","description":"The crn of the resource","description_kind":"plain","computed":true},"resource_group_name":{"type":"string","description":"The resource group name in which resource is provisioned","description_kind":"plain","computed":true},"resource_name":{"type":"string","description":"The name of the resource","description_kind":"plain","computed":true},"resource_status":{"type":"string","description":"The status of the resource","description_kind":"plain","computed":true},"standard_key":{"type":"bool","description":"Standard key type","description_kind":"plain","optional":true}},"block_types":{"timeouts":{"nesting_mode":"single","block":{"attributes":{"create":{"type":"string","description_kind":"plain","optional":true},"update":{"type":"string","description_kind":"plain","optional":true}},"description_kind":"plain"}}},"description_kind":"plain"}},"ibm_lb":{"version":0,"block":{"attributes":{"connections":{"type":"number","description":"Connections value","description_kind":"plain","required":true},"datacenter":{"type":"string","description":"Datacenter name info","description_kind":"plain","required":true},"dedicated":{"type":"bool","description":"Boolena value true if Load balncer is dedicated type","description_kind":"plain","optional":true},"ha_enabled":{"type":"bool","description":"true if High availability is enabled","description_kind":"plain","optional":true},"hostname":{"type":"string","description_kind":"plain","computed":true},"id":{"type":"string","description_kind":"plain","optional":true,"computed":true},"ip_address":{"type":"string","description_kind":"plain","computed":true},"security_certificate_id":{"type":"number","description":"Security certificate ID","description_kind":"plain","optional":true},"ssl_enabled":{"type":"bool","description_kind":"plain","computed":true},"ssl_offload":{"type":"bool","description":"boolean value true if SSL offload is enabled","description_kind":"plain","optional":true},"subnet_id":{"type":"number","description_kind":"plain","computed":true},"tags":{"type":["set","string"],"description":"Tags associated with resource","description_kind":"plain","optional":true}},"block_types":{"timeouts":{"nesting_mode":"single","block":{"attributes":{"create":{"type":"string","description_kind":"plain","optional":true}},"description_kind":"plain"}}},"description_kind":"plain"}},"ibm_lb_service":{"version":0,"block":{"attributes":{"enabled":{"type":"bool","description":"Boolean value true, if enabled else false","description_kind":"plain","required":true},"health_check_type":{"type":"string","description":"health check type","description_kind":"plain","required":true},"id":{"type":"string","description_kind":"plain","optional":true,"computed":true},"ip_address_id":{"type":"number","description":"IP Address ID","description_kind":"plain","required":true},"port":{"type":"number","description":"Port number","description_kind":"plain","required":true},"service_group_id":{"type":"number","description":"service group ID","description_kind":"plain","required":true},"tags":{"type":["set","string"],"description":"Tags for the resource","description_kind":"plain","optional":true},"weight":{"type":"number","description":"Weight value","description_kind":"plain","required":true}},"description_kind":"plain"}},"ibm_lb_service_group":{"version":0,"block":{"attributes":{"allocation":{"type":"number","description":"Allocation type","description_kind":"plain","required":true},"id":{"type":"string","description_kind":"plain","optional":true,"computed":true},"load_balancer_id":{"type":"number","description":"Loadbalancer ID","description_kind":"plain","required":true},"port":{"type":"number","description":"Port number","description_kind":"plain","required":true},"routing_method":{"type":"string","description":"Routing method","description_kind":"plain","required":true},"routing_type":{"type":"string","description":"Routing type","description_kind":"plain","required":true},"service_group_id":{"type":"number","description":"Service group ID","description_kind":"plain","computed":true},"tags":{"type":["set","string"],"description":"List of tags","description_kind":"plain","optional":true},"timeout":{"type":"number","description":"Timeout value","description_kind":"plain","optional":true},"virtual_server_id":{"type":"number","description":"Virtual server ID","description_kind":"plain","computed":true}},"description_kind":"plain"}},"ibm_lb_vpx":{"version":0,"block":{"attributes":{"back_end_subnet":{"type":"string","description_kind":"plain","optional":true},"back_end_vlan":{"type":["map","string"],"description_kind":"plain","optional":true},"datacenter":{"type":"string","description":"Datacenter name","description_kind":"plain","required":true},"front_end_subnet":{"type":"string","description_kind":"plain","optional":true,"computed":true},"front_end_vlan":{"type":["map","string"],"description":"Front end VLAN id","description_kind":"plain","optional":true},"id":{"type":"string","description_kind":"plain","optional":true,"computed":true},"ip_count":{"type":"number","description":"IP address count","description_kind":"plain","required":true},"management_ip_address":{"type":"string","description":"management IP address","description_kind":"plain","computed":true},"name":{"type":"string","description":"Name","description_kind":"plain","computed":true},"plan":{"type":"string","description":"Plan info","description_kind":"plain","required":true},"private_subnet":{"type":"string","description":"Private subnet","description_kind":"plain","optional":true,"computed":true},"private_vlan_id":{"type":"number","description":"Private VLAN id","description_kind":"plain","optional":true,"computed":true},"public_subnet":{"type":"string","description":"Public subnet","description_kind":"plain","optional":true,"computed":true},"public_vlan_id":{"type":"number","description":"Piblic VLAN id","description_kind":"plain","optional":true,"computed":true},"speed":{"type":"number","description":"Speed value","description_kind":"plain","required":true},"tags":{"type":["set","string"],"description":"List of the tags","description_kind":"plain","optional":true},"type":{"type":"string","description":"Type of the VPX","description_kind":"plain","computed":true},"version":{"type":"string","description":"version info","description_kind":"plain","required":true},"vip_pool":{"type":["list","string"],"description":"List of VIP ids","description_kind":"plain","computed":true}},"description_kind":"plain"}},"ibm_lb_vpx_ha":{"version":0,"block":{"attributes":{"id":{"type":"string","description_kind":"plain","optional":true,"computed":true},"primary_id":{"type":"number","description":"primary ID","description_kind":"plain","required":true},"secondary_id":{"type":"number","description":"Secondary ID","description_kind":"plain","required":true},"stay_secondary":{"type":"bool","description":"Boolean value for stay secondary","description_kind":"plain","optional":true,"computed":true},"tags":{"type":["set","string"],"description":"Tags set for the resource","description_kind":"plain","optional":true}},"description_kind":"plain"}},"ibm_lb_vpx_service":{"version":0,"block":{"attributes":{"connection_limit":{"type":"number","description":"Number of connections limit","description_kind":"plain","required":true},"destination_ip_address":{"type":"string","description":"Destination IP Address","description_kind":"plain","required":true},"destination_port":{"type":"number","description":"Destination Port number","description_kind":"plain","required":true},"health_check":{"type":"string","description":"Health check info","description_kind":"plain","required":true},"id":{"type":"string","description_kind":"plain","optional":true,"computed":true},"name":{"type":"string","description":"name","description_kind":"plain","required":true},"tags":{"type":["set","string"],"description":"list of tags associated with the resource","description_kind":"plain","optional":true},"usip":{"type":"string","description":"usip info","description_kind":"plain","optional":true},"vip_id":{"type":"string","description":"VIP id","description_kind":"plain","required":true},"weight":{"type":"number","description":"Weight value","description_kind":"plain","required":true}},"description_kind":"plain"}},"ibm_lb_vpx_vip":{"version":0,"block":{"attributes":{"id":{"type":"string","description_kind":"plain","optional":true,"computed":true},"load_balancing_method":{"type":"string","description":"Load balancing method","description_kind":"plain","required":true},"nad_controller_id":{"type":"number","description":"NAD controller ID","description_kind":"plain","required":true},"name":{"type":"string","description":"Name","description_kind":"plain","required":true},"persistence":{"type":"string","description":"Persistance value","description_kind":"plain","optional":true,"computed":true},"security_certificate_id":{"type":"number","description":"security certificate ID","description_kind":"plain","optional":true},"source_port":{"type":"number","description":"Source Port number","description_kind":"plain","required":true},"tags":{"type":["set","string"],"description":"List of tags","description_kind":"plain","optional":true},"type":{"type":"string","description":"Type","description_kind":"plain","required":true},"virtual_ip_address":{"type":"string","description":"Virtual IP address","description_kind":"plain","required":true}},"description_kind":"plain"}},"ibm_lbaas":{"version":0,"block":{"attributes":{"datacenter":{"type":"string","description_kind":"plain","computed":true},"description":{"type":"string","description":"Description of a load balancer.","description_kind":"plain","optional":true},"health_monitors":{"type":["list",["object",{"interval":"number","max_retries":"number","monitor_id":"string","port":"number","protocol":"string","timeout":"number","url_path":"string"}]],"description_kind":"plain","computed":true},"id":{"type":"string","description_kind":"plain","optional":true,"computed":true},"name":{"type":"string","description":"The load balancer's name.","description_kind":"plain","required":true},"resource_controller_url":{"type":"string","description":"The URL of the IBM Cloud dashboard that can be used to explore and view details about this instance","description_kind":"plain","computed":true},"resource_name":{"type":"string","description":"The name of the resource","description_kind":"plain","computed":true},"resource_status":{"type":"string","description":"The status of the resource","description_kind":"plain","computed":true},"ssl_ciphers":{"type":["set","string"],"description_kind":"plain","optional":true,"computed":true},"status":{"type":"string","description":"The operation status 'ONLINE' or 'OFFLINE' of a load balancer.","description_kind":"plain","computed":true},"subnets":{"type":["list","number"],"description":"The subnet where this Load Balancer will be provisioned.","description_kind":"plain","required":true},"type":{"type":"string","description":"Specifies if a load balancer is public or private","description_kind":"plain","optional":true},"use_system_public_ip_pool":{"type":"bool","description":"\"in public loadbalancer - Public IP address allocation done by system public IP pool or public subnet.\"","description_kind":"plain","optional":true,"computed":true},"vip":{"type":"string","description":"The virtual ip address of this load balancer","description_kind":"plain","computed":true},"wait_time_minutes":{"type":"number","description_kind":"plain","optional":true}},"block_types":{"protocols":{"nesting_mode":"set","block":{"attributes":{"backend_port":{"type":"number","description":"Backend Protocol port number. Should be in range (1, 65535)","description_kind":"plain","required":true},"backend_protocol":{"type":"string","description":"Backend protocol, one of 'TCP', 'HTTP', 'HTTPS'.","description_kind":"plain","required":true},"frontend_port":{"type":"number","description":"Frontend Protocol port number. Should be in range (1, 65535)","description_kind":"plain","required":true},"frontend_protocol":{"type":"string","description":"Frontend protocol, one of 'TCP', 'HTTP', 'HTTPS'.","description_kind":"plain","required":true},"load_balancing_method":{"type":"string","description":"Load balancing algorithm: 'round_robin', 'weighted_round_robin', 'least_connection'","description_kind":"plain","optional":true},"max_conn":{"type":"number","description":"No. of connections the listener can accept. Should be between 1-64000","description_kind":"plain","optional":true},"protocol_id":{"type":"string","description":"The UUID of a load balancer protocol","description_kind":"plain","computed":true},"session_stickiness":{"type":"string","description":"Session stickness. Valid values is SOURCE_IP","description_kind":"plain","optional":true},"tls_certificate_id":{"type":"number","description":"This references to SSL/TLS certificate for a protocol","description_kind":"plain","optional":true}},"description_kind":"plain"}},"server_instances":{"nesting_mode":"set","block":{"attributes":{"member_id":{"type":"string","description":"The UUID of a load balancer member","description_kind":"plain","computed":true},"private_ip_address":{"type":"string","description":"The Private IP address of a load balancer member.","description_kind":"plain","required":true},"weight":{"type":"number","description":"The weight of a load balancer member.","description_kind":"plain","optional":true,"computed":true}},"description_kind":"plain"}}},"description_kind":"plain"}},"ibm_lbaas_health_monitor":{"version":0,"block":{"attributes":{"id":{"type":"string","description_kind":"plain","optional":true,"computed":true},"interval":{"type":"number","description":"Interval value","description_kind":"plain","optional":true},"lbaas_id":{"type":"string","description":"LBAAS id","description_kind":"plain","required":true},"max_retries":{"type":"number","description":"Maximum retry counts","description_kind":"plain","optional":true},"monitor_id":{"type":"string","description":"Monitor ID","description_kind":"plain","required":true},"port":{"type":"number","description":"Port number","description_kind":"plain","required":true},"protocol":{"type":"string","description":"Protocol value","description_kind":"plain","required":true},"timeout":{"type":"number","description":"Timeout in seconds","description_kind":"plain","optional":true},"url_path":{"type":"string","description":"URL Path","description_kind":"plain","optional":true}},"description_kind":"plain"}},"ibm_lbaas_server_instance_attachment":{"version":0,"block":{"attributes":{"id":{"type":"string","description_kind":"plain","optional":true,"computed":true},"lbaas_id":{"type":"string","description":"The UUID of a load balancer","description_kind":"plain","required":true},"private_ip_address":{"type":"string","description":"The Private IP address of a load balancer member.","description_kind":"plain","required":true},"uuid":{"type":"string","description":"The UUID of a load balancer member","description_kind":"plain","computed":true},"weight":{"type":"number","description":"The weight of a load balancer member.","description_kind":"plain","optional":true,"computed":true}},"description_kind":"plain"}},"ibm_multi_vlan_firewall":{"version":0,"block":{"attributes":{"addon_configuration":{"type":["list","string"],"description":"High Availability - [Web Filtering Add-on, NGFW Add-on, AV Add-on] or [Web Filtering Add-on, NGFW Add-on, AV Add-on]","description_kind":"plain","optional":true},"datacenter":{"type":"string","description":"Datacenter name","description_kind":"plain","required":true},"firewall_type":{"type":"string","description":"Firewall type","description_kind":"plain","required":true},"id":{"type":"string","description_kind":"plain","optional":true,"computed":true},"name":{"type":"string","description":"name","description_kind":"plain","required":true},"password":{"type":"string","description":"Password","description_kind":"plain","computed":true,"sensitive":true},"pod":{"type":"string","description":"POD name","description_kind":"plain","required":true},"private_ip":{"type":"string","description":"Private IP Address","description_kind":"plain","computed":true},"private_vlan_id":{"type":"number","description":"Private VLAN id","description_kind":"plain","computed":true},"public_ip":{"type":"string","description":"Public IP Address","description_kind":"plain","computed":true},"public_ipv6":{"type":"string","description":"Public IPV6 IP","description_kind":"plain","computed":true},"public_vlan_id":{"type":"number","description":"Public VLAN id","description_kind":"plain","computed":true},"username":{"type":"string","description":"User name","description_kind":"plain","computed":true}},"description_kind":"plain"}},"ibm_network_gateway":{"version":0,"block":{"attributes":{"associated_vlans":{"type":["list",["object",{"bypass":"bool","network_vlan_id":"number","vlan_id":"number"}]],"description":"The VLAN instances associated with this Network Gateway","description_kind":"plain","computed":true},"id":{"type":"string","description_kind":"plain","optional":true,"computed":true},"name":{"type":"string","description":"The name of the gateway","description_kind":"plain","required":true},"post_install_script_uri":{"type":"string","description_kind":"plain","optional":true},"private_ip_address_id":{"type":"number","description_kind":"plain","computed":true},"private_ipv4_address":{"type":"string","description_kind":"plain","computed":true},"private_vlan_id":{"type":"number","description_kind":"plain","computed":true},"public_ip_address_id":{"type":"number","description_kind":"plain","computed":true},"public_ipv4_address":{"type":"string","description_kind":"plain","computed":true},"public_ipv6_address_id":{"type":"number","description_kind":"plain","computed":true},"public_vlan_id":{"type":"number","description_kind":"plain","computed":true},"ssh_key_ids":{"type":["list","number"],"description_kind":"plain","optional":true},"status":{"type":"string","description_kind":"plain","computed":true}},"block_types":{"members":{"nesting_mode":"set","block":{"attributes":{"datacenter":{"type":"string","description_kind":"plain","required":true},"disk_key_names":{"type":["list","string"],"description_kind":"plain","optional":true},"domain":{"type":"string","description_kind":"plain","required":true},"hostname":{"type":"string","description_kind":"plain","optional":true},"ipv6_address":{"type":"string","description_kind":"plain","computed":true},"ipv6_enabled":{"type":"bool","description_kind":"plain","optional":true},"member_id":{"type":"number","description_kind":"plain","computed":true},"memory":{"type":"number","description_kind":"plain","required":true},"network_speed":{"type":"number","description_kind":"plain","optional":true},"notes":{"type":"string","description_kind":"plain","optional":true},"os_key_name":{"type":"string","description_kind":"plain","optional":true},"package_key_name":{"type":"string","description_kind":"plain","optional":true},"post_install_script_uri":{"type":"string","description_kind":"plain","optional":true},"private_ipv4_address":{"type":"string","description_kind":"plain","computed":true},"private_network_only":{"type":"bool","description_kind":"plain","optional":true},"private_vlan_id":{"type":"number","description_kind":"plain","optional":true,"computed":true},"process_key_name":{"type":"string","description_kind":"plain","optional":true},"public_bandwidth":{"type":"number","description_kind":"plain","optional":true},"public_ipv4_address":{"type":"string","description_kind":"plain","computed":true},"public_vlan_id":{"type":"number","description_kind":"plain","optional":true,"computed":true},"redundant_network":{"type":"bool","description_kind":"plain","optional":true},"redundant_power_supply":{"type":"bool","description_kind":"plain","optional":true},"ssh_key_ids":{"type":["list","number"],"description_kind":"plain","optional":true},"tags":{"type":["set","string"],"description_kind":"plain","optional":true},"tcp_monitoring":{"type":"bool","description_kind":"plain","optional":true},"unbonded_network":{"type":"bool","description_kind":"plain","optional":true},"user_metadata":{"type":"string","description_kind":"plain","optional":true}},"block_types":{"storage_groups":{"nesting_mode":"list","block":{"attributes":{"array_size":{"type":"number","description_kind":"plain","optional":true},"array_type_id":{"type":"number","description_kind":"plain","required":true},"hard_drives":{"type":["list","number"],"description_kind":"plain","required":true},"partition_template_id":{"type":"number","description_kind":"plain","optional":true}},"description_kind":"plain"}}},"description_kind":"plain"},"min_items":1,"max_items":2}},"description_kind":"plain"}},"ibm_network_gateway_vlan_association":{"version":0,"block":{"attributes":{"bypass":{"type":"bool","description":"Indicates if the VLAN should be in bypass or routed modes","description_kind":"plain","optional":true},"gateway_id":{"type":"number","description":"Gateway instance ID","description_kind":"plain","required":true},"id":{"type":"string","description_kind":"plain","optional":true,"computed":true},"network_vlan_id":{"type":"number","description":"The Identifier of the VLAN to be associated","description_kind":"plain","required":true}},"description_kind":"plain"}},"ibm_network_interface_sg_attachment":{"version":0,"block":{"attributes":{"id":{"type":"string","description_kind":"plain","optional":true,"computed":true},"network_interface_id":{"type":"number","description":"Network interface ID","description_kind":"plain","required":true},"security_group_id":{"type":"number","description":"Security group ID","description_kind":"plain","required":true},"soft_reboot":{"type":"bool","description":"Boolean value set to true, if soft reboot needs to be done.","description_kind":"plain","optional":true}},"block_types":{"timeouts":{"nesting_mode":"single","block":{"attributes":{"create":{"type":"string","description_kind":"plain","optional":true}},"description_kind":"plain"}}},"description_kind":"plain"}},"ibm_network_public_ip":{"version":0,"block":{"attributes":{"id":{"type":"string","description_kind":"plain","optional":true,"computed":true},"ip_address":{"type":"string","description":"IP Address","description_kind":"plain","computed":true},"notes":{"type":"string","description":"Additional notes","description_kind":"plain","optional":true},"routes_to":{"type":"string","description":"Route info","description_kind":"plain","required":true},"tags":{"type":["set","string"],"description":"List of tags","description_kind":"plain","optional":true}},"block_types":{"timeouts":{"nesting_mode":"single","block":{"attributes":{"create":{"type":"string","description_kind":"plain","optional":true}},"description_kind":"plain"}}},"description_kind":"plain"}},"ibm_network_vlan":{"version":0,"block":{"attributes":{"child_resource_count":{"type":"number","description":"Child resource count","description_kind":"plain","computed":true},"datacenter":{"type":"string","description":"Datacenter name","description_kind":"plain","required":true},"id":{"type":"string","description_kind":"plain","optional":true,"computed":true},"name":{"type":"string","description":"VLAN name","description_kind":"plain","optional":true},"resource_controller_url":{"type":"string","description":"The URL of the IBM Cloud dashboard that can be used to explore and view details about this instance","description_kind":"plain","computed":true},"resource_name":{"type":"string","description":"The name of the resource","description_kind":"plain","computed":true},"router_hostname":{"type":"string","description":"router host name","description_kind":"plain","optional":true,"computed":true},"softlayer_managed":{"type":"bool","description":"Zzset to true if VLAN is managed by softlayer","description_kind":"plain","computed":true},"subnet_size":{"type":"number","description_kind":"plain","optional":true},"subnets":{"type":["set",["object",{"cidr":"number","gateway":"string","subnet":"string","subnet_size":"number","subnet_type":"string"}]],"description_kind":"plain","computed":true},"tags":{"type":["set","string"],"description":"List of tags","description_kind":"plain","optional":true},"type":{"type":"string","description":"VLAN type","description_kind":"plain","required":true},"vlan_number":{"type":"number","description":"VLAN number","description_kind":"plain","computed":true}},"block_types":{"timeouts":{"nesting_mode":"single","block":{"attributes":{"create":{"type":"string","description_kind":"plain","optional":true},"delete":{"type":"string","description_kind":"plain","optional":true}},"description_kind":"plain"}}},"description_kind":"plain"}},"ibm_network_vlan_spanning":{"version":0,"block":{"attributes":{"id":{"type":"string","description_kind":"plain","optional":true,"computed":true},"vlan_spanning":{"type":"string","description":"VLAN Spanning set to On or Off","description_kind":"plain","required":true}},"description_kind":"plain"}},"ibm_object_storage_account":{"version":0,"block":{"attributes":{"id":{"type":"string","description_kind":"plain","optional":true,"computed":true},"local_note":{"type":"string","description_kind":"plain","optional":true},"name":{"type":"string","description_kind":"plain","computed":true},"tags":{"type":["set","string"],"description_kind":"plain","optional":true}},"description_kind":"plain"}},"ibm_org":{"version":0,"block":{"attributes":{"auditors":{"type":["set","string"],"description":"The IBMID of the users who will have auditor role in this org, ex - user@example.com","description_kind":"plain","optional":true},"billing_managers":{"type":["set","string"],"description":"The IBMID of the users who will have billing manager role in this org, ex - user@example.com","description_kind":"plain","optional":true},"id":{"type":"string","description_kind":"plain","optional":true,"computed":true},"managers":{"type":["set","string"],"description":"The IBMID of the users who will have manager role in this org, ex - user@example.com","description_kind":"plain","optional":true},"name":{"type":"string","description":"Org name, for example myorg@domain","description_kind":"plain","required":true},"org_quota_definition_guid":{"type":"string","description":"Org quota guid","description_kind":"plain","optional":true,"computed":true},"tags":{"type":["set","string"],"description_kind":"plain","optional":true},"users":{"type":["set","string"],"description":"The IBMID of the users who will have user role in this org, ex - user@example.com","description_kind":"plain","optional":true}},"description_kind":"plain"}},"ibm_pi_capture":{"version":0,"block":{"attributes":{"id":{"type":"string","description_kind":"plain","optional":true,"computed":true},"pi_capture_cloud_storage_access_key":{"type":"string","description":"Name of Cloud Storage Access Key","description_kind":"plain","optional":true},"pi_capture_cloud_storage_region":{"type":"string","description":"List of Regions to use","description_kind":"plain","optional":true},"pi_capture_cloud_storage_secret_key":{"type":"string","description":"Name of the Cloud Storage Secret Key","description_kind":"plain","optional":true},"pi_capture_destination":{"type":"string","description":"Name of destination to store the image capture to","description_kind":"plain","required":true},"pi_capture_name":{"type":"string","description":"Name of the capture to create. Note : this must be unique","description_kind":"plain","required":true},"pi_capture_storage_image_path":{"type":"string","description":"Name of the Image Path","description_kind":"plain","optional":true},"pi_capture_volume_ids":{"type":"string","description":"List of volume names that need to be passed in the input","description_kind":"plain","optional":true},"pi_cloud_instance_id":{"type":"string","description":" Cloud Instance ID - This is the service_instance_id.","description_kind":"plain","required":true},"pi_instance_name":{"type":"string","description":"Instance Name of the Power VM","description_kind":"plain","required":true}},"block_types":{"timeouts":{"nesting_mode":"single","block":{"attributes":{"create":{"type":"string","description_kind":"plain","optional":true},"delete":{"type":"string","description_kind":"plain","optional":true}},"description_kind":"plain"}}},"description_kind":"plain"}},"ibm_pi_image":{"version":0,"block":{"attributes":{"id":{"type":"string","description_kind":"plain","optional":true,"computed":true},"image_id":{"type":"string","description":"Image ID","description_kind":"plain","computed":true},"pi_cloud_instance_id":{"type":"string","description":"PI cloud instance ID","description_kind":"plain","required":true},"pi_image_id":{"type":"string","description":"Instance image name","description_kind":"plain","required":true},"pi_image_name":{"type":"string","description":"Image name","description_kind":"plain","required":true}},"block_types":{"timeouts":{"nesting_mode":"single","block":{"attributes":{"create":{"type":"string","description_kind":"plain","optional":true},"delete":{"type":"string","description_kind":"plain","optional":true}},"description_kind":"plain"}}},"description_kind":"plain"}},"ibm_pi_instance":{"version":0,"block":{"attributes":{"addresses":{"type":["list",["object",{"external_ip":"string","ip":"string","macaddress":"string","network_id":"string","network_name":"string","type":"string"}]],"description_kind":"plain","computed":true},"health_status":{"type":"string","description":"PI Instance health status","description_kind":"plain","computed":true},"id":{"type":"string","description_kind":"plain","optional":true,"computed":true},"instance_id":{"type":"string","description":"Instance ID","description_kind":"plain","computed":true},"max_memory":{"type":"number","description":"Maximum memory size","description_kind":"plain","computed":true},"max_processors":{"type":"number","description":"Maximum number of processors","description_kind":"plain","computed":true},"max_virtual_cores":{"type":"number","description":"Maximum Virtual Cores Assigned to the PVMInstance","description_kind":"plain","computed":true},"migratable":{"type":"bool","description":"set to true to enable migration of the PI instance","description_kind":"plain","computed":true},"min_memory":{"type":"number","description":"Minimum memory","description_kind":"plain","computed":true},"min_processors":{"type":"number","description":"Minimum number of the CPUs","description_kind":"plain","computed":true},"min_virtual_cores":{"type":"number","description":"Minimum Virtual Cores Assigned to the PVMInstance","description_kind":"plain","computed":true},"operating_system":{"type":"string","description":"Operating System","description_kind":"plain","computed":true},"os_type":{"type":"string","description":"OS Type","description_kind":"plain","computed":true},"pi_cloud_instance_id":{"type":"string","description":"This is the Power Instance id that is assigned to the account","description_kind":"plain","required":true},"pi_health_status":{"type":"string","description":"Allow the user to set the status of the lpar so that they can connect to it faster","description_kind":"plain","optional":true},"pi_image_id":{"type":"string","description":"PI instance image name","description_kind":"plain","required":true},"pi_instance_name":{"type":"string","description":"PI Instance name","description_kind":"plain","required":true},"pi_key_pair_name":{"type":"string","description":"SSH key name","description_kind":"plain","required":true},"pi_memory":{"type":"number","description":"Memory size","description_kind":"plain","required":true},"pi_network_ids":{"type":["set","string"],"description":"Set of Networks that have been configured for the account","description_kind":"plain","required":true},"pi_pin_policy":{"type":"string","description":"Pin Policy of the instance","description_kind":"plain","optional":true},"pi_proc_type":{"type":"string","description":"Instance processor type","description_kind":"plain","required":true},"pi_processors":{"type":"number","description":"Processors count","description_kind":"plain","required":true},"pi_progress":{"type":"number","description":"Progress of the operation","description_kind":"plain","computed":true},"pi_replicants":{"type":"number","description":"PI Instance replicas count","description_kind":"plain","optional":true},"pi_replication_policy":{"type":"string","description":"Replication policy for the PI Instance","description_kind":"plain","optional":true},"pi_replication_scheme":{"type":"string","description":"Replication scheme","description_kind":"plain","optional":true},"pi_sys_type":{"type":"string","description":"PI Instance system type","description_kind":"plain","required":true},"pi_user_data":{"type":"string","description":"Base64 encoded data to be passed in for invoking a cloud init script","description_kind":"plain","optional":true},"pi_virtual_cores_assigned":{"type":"number","description":"Virtual Cores Assigned to the PVMInstance","description_kind":"plain","optional":true,"computed":true},"pi_volume_ids":{"type":["set","string"],"description":"List of PI volumes","description_kind":"plain","optional":true,"computed":true},"pin_policy":{"type":"string","description":"PIN Policy of the Instance","description_kind":"plain","computed":true},"reboot_for_resource_change":{"type":"string","description":"Flag to be passed for CPU/Memory changes that require a reboot to take effect","description_kind":"plain","optional":true},"status":{"type":"string","description":"PI instance status","description_kind":"plain","computed":true}},"block_types":{"timeouts":{"nesting_mode":"single","block":{"attributes":{"create":{"type":"string","description_kind":"plain","optional":true},"delete":{"type":"string","description_kind":"plain","optional":true},"update":{"type":"string","description_kind":"plain","optional":true}},"description_kind":"plain"}}},"description_kind":"plain"}},"ibm_pi_key":{"version":0,"block":{"attributes":{"id":{"type":"string","description_kind":"plain","optional":true,"computed":true},"key_id":{"type":"string","description":"Key ID in the PI instance","description_kind":"plain","computed":true},"pi_cloud_instance_id":{"type":"string","description":"PI cloud instance ID","description_kind":"plain","required":true},"pi_creation_date":{"type":"string","description":"Date info","description_kind":"plain","optional":true},"pi_key_name":{"type":"string","description":"Key name in the PI instance","description_kind":"plain","required":true},"pi_ssh_key":{"type":"string","description":"PI instance key info","description_kind":"plain","required":true}},"block_types":{"timeouts":{"nesting_mode":"single","block":{"attributes":{"create":{"type":"string","description_kind":"plain","optional":true},"delete":{"type":"string","description_kind":"plain","optional":true}},"description_kind":"plain"}}},"description_kind":"plain"}},"ibm_pi_network":{"version":0,"block":{"attributes":{"id":{"type":"string","description_kind":"plain","optional":true,"computed":true},"network_id":{"type":"string","description":"PI network ID","description_kind":"plain","computed":true},"pi_cidr":{"type":"string","description":"PI network CIDR","description_kind":"plain","optional":true,"computed":true},"pi_cloud_instance_id":{"type":"string","description":"PI cloud instance ID","description_kind":"plain","required":true},"pi_dns":{"type":["set","string"],"description":"List of PI network DNS name","description_kind":"plain","optional":true},"pi_gateway":{"type":"string","description":"PI network gateway","description_kind":"plain","optional":true},"pi_network_name":{"type":"string","description":"PI network name","description_kind":"plain","required":true},"pi_network_type":{"type":"string","description":"PI network type","description_kind":"plain","required":true},"vlan_id":{"type":"number","description":"VLAN Id value","description_kind":"plain","computed":true}},"block_types":{"timeouts":{"nesting_mode":"single","block":{"attributes":{"create":{"type":"string","description_kind":"plain","optional":true},"delete":{"type":"string","description_kind":"plain","optional":true}},"description_kind":"plain"}}},"description_kind":"plain"}},"ibm_pi_network_port":{"version":0,"block":{"attributes":{"id":{"type":"string","description_kind":"plain","optional":true,"computed":true},"macaddress":{"type":"string","description_kind":"plain","computed":true},"pi_cloud_instance_id":{"type":"string","description_kind":"plain","required":true},"pi_network_name":{"type":"string","description_kind":"plain","required":true},"pi_network_port_description":{"type":"string","description_kind":"plain","optional":true},"pi_network_port_ipaddress":{"type":"string","description_kind":"plain","optional":true,"computed":true},"portid":{"type":"string","description_kind":"plain","computed":true},"status":{"type":"string","description_kind":"plain","computed":true}},"block_types":{"timeouts":{"nesting_mode":"single","block":{"attributes":{"create":{"type":"string","description_kind":"plain","optional":true},"delete":{"type":"string","description_kind":"plain","optional":true}},"description_kind":"plain"}}},"description_kind":"plain"}},"ibm_pi_network_port_attach":{"version":0,"block":{"attributes":{"id":{"type":"string","description_kind":"plain","optional":true,"computed":true},"pi_cloud_instance_id":{"type":"string","description_kind":"plain","required":true},"pi_instance_name":{"type":"string","description":"Instance name to attach the network port to","description_kind":"plain","required":true},"pi_network_name":{"type":"string","description":"Network Name - This is the subnet name  in the Cloud instance","description_kind":"plain","required":true},"pi_network_port_description":{"type":"string","description":"A human readable description for this network Port","description_kind":"plain","optional":true},"port_id":{"type":"string","description_kind":"plain","required":true}},"block_types":{"timeouts":{"nesting_mode":"single","block":{"attributes":{"create":{"type":"string","description_kind":"plain","optional":true},"delete":{"type":"string","description_kind":"plain","optional":true},"update":{"type":"string","description_kind":"plain","optional":true}},"description_kind":"plain"}}},"description_kind":"plain"}},"ibm_pi_operations":{"version":0,"block":{"attributes":{"addresses":{"type":["list",["object",{"ip":"string","macaddress":"string","networkid":"string","networkname":"string","type":"string"}]],"description_kind":"plain","computed":true},"id":{"type":"string","description_kind":"plain","optional":true,"computed":true},"pi_cloud_instance_id":{"type":"string","description":"PI Cloud instnce id","description_kind":"plain","required":true},"pi_health_status":{"type":"string","description":"PI instance health status","description_kind":"plain","computed":true},"pi_instance_name":{"type":"string","description":"PI instance Operation server name","description_kind":"plain","required":true},"pi_operation":{"type":"string","description":"PI instance operation type","description_kind":"plain","required":true},"pi_progress":{"type":"number","description":"Progress of the operation","description_kind":"plain","computed":true},"pi_status":{"type":"string","description":"PI instance operation status","description_kind":"plain","computed":true}},"block_types":{"timeouts":{"nesting_mode":"single","block":{"attributes":{"create":{"type":"string","description_kind":"plain","optional":true},"delete":{"type":"string","description_kind":"plain","optional":true}},"description_kind":"plain"}}},"description_kind":"plain"}},"ibm_pi_snapshot":{"version":0,"block":{"attributes":{"creation_date":{"type":"string","description_kind":"plain","computed":true},"description":{"type":"string","description":"Snapshot description","description_kind":"plain","optional":true},"id":{"type":"string","description_kind":"plain","optional":true,"computed":true},"last_updated_date":{"type":"string","description_kind":"plain","computed":true},"pi_cloud_instance_id":{"type":"string","description":" Cloud Instance ID - This is the service_instance_id.","description_kind":"plain","required":true},"pi_instance_name":{"type":"string","description":"Instance name / id of the pvm","description_kind":"plain","required":true},"pi_snap_shot_id":{"type":"string","description":"Id of the snapshot","description_kind":"plain","computed":true},"pi_snap_shot_name":{"type":"string","description":"Unique name of the snapshot","description_kind":"plain","required":true},"pi_volume_ids":{"type":["set","string"],"description":"List of PI volumes","description_kind":"plain","optional":true},"status":{"type":"string","description_kind":"plain","computed":true},"volume_snapshots":{"type":["map","string"],"description_kind":"plain","computed":true}},"block_types":{"timeouts":{"nesting_mode":"single","block":{"attributes":{"create":{"type":"string","description_kind":"plain","optional":true},"delete":{"type":"string","description_kind":"plain","optional":true},"update":{"type":"string","description_kind":"plain","optional":true}},"description_kind":"plain"}}},"description_kind":"plain"}},"ibm_pi_volume":{"version":0,"block":{"attributes":{"delete_on_termination":{"type":"bool","description":"Should the volume be deleted during termination","description_kind":"plain","computed":true},"id":{"type":"string","description_kind":"plain","optional":true,"computed":true},"pi_cloud_instance_id":{"type":"string","description":" Cloud Instance ID - This is the service_instance_id.","description_kind":"plain","required":true},"pi_volume_name":{"type":"string","description":"Volume Name to create","description_kind":"plain","required":true},"pi_volume_shareable":{"type":"bool","description":"Flag to indicate if the volume can be shared across multiple instances?","description_kind":"plain","optional":true},"pi_volume_size":{"type":"number","description":"Size of the volume in GB","description_kind":"plain","required":true},"pi_volume_type":{"type":"string","description":"Volume type","description_kind":"plain","required":true},"volume_id":{"type":"string","description":"Volume ID","description_kind":"plain","computed":true},"volume_status":{"type":"string","description":"Volume status","description_kind":"plain","computed":true},"wwn":{"type":"string","description":"WWN Of the volume","description_kind":"plain","computed":true}},"block_types":{"timeouts":{"nesting_mode":"single","block":{"attributes":{"create":{"type":"string","description_kind":"plain","optional":true},"delete":{"type":"string","description_kind":"plain","optional":true},"update":{"type":"string","description_kind":"plain","optional":true}},"description_kind":"plain"}}},"description_kind":"plain"}},"ibm_pi_volume_attach":{"version":0,"block":{"attributes":{"id":{"type":"string","description_kind":"plain","optional":true,"computed":true},"pi_cloud_instance_id":{"type":"string","description":" Cloud Instance ID - This is the service_instance_id.","description_kind":"plain","required":true},"pi_instance_name":{"type":"string","description":"PI Instance name","description_kind":"plain","required":true},"pi_volume_attach_name":{"type":"string","description":"Name of the volume to attach. Note these  volumes should have been created","description_kind":"plain","required":true},"pi_volume_shareable":{"type":"bool","description_kind":"plain","optional":true,"computed":true},"status":{"type":"string","description_kind":"plain","optional":true,"computed":true},"volumeattachid":{"type":"string","description":"Volume attachment ID","description_kind":"plain","optional":true,"computed":true}},"block_types":{"timeouts":{"nesting_mode":"single","block":{"attributes":{"create":{"type":"string","description_kind":"plain","optional":true},"delete":{"type":"string","description_kind":"plain","optional":true}},"description_kind":"plain"}}},"description_kind":"plain"}},"ibm_resource_group":{"version":0,"block":{"attributes":{"default":{"type":"bool","description":"Specifies whether its default resource group or not","description_kind":"plain","computed":true},"id":{"type":"string","description_kind":"plain","optional":true,"computed":true},"name":{"type":"string","description":"The name of the resource group","description_kind":"plain","required":true},"quota_id":{"type":"string","description":"The id of the quota","description_kind":"plain","optional":true},"state":{"type":"string","description":"State of the resource group","description_kind":"plain","computed":true},"tags":{"type":["set","string"],"description_kind":"plain","optional":true}},"description_kind":"plain"}},"ibm_resource_instance":{"version":0,"block":{"attributes":{"crn":{"type":"string","description":"CRN of resource instance","description_kind":"plain","computed":true},"dashboard_url":{"type":"string","description":"Dashboard URL to access resource.","description_kind":"plain","computed":true},"extensions":{"type":["map","string"],"description":"The extended metadata as a map associated with the resource instance.","description_kind":"plain","computed":true},"guid":{"type":"string","description":"Guid of resource instance","description_kind":"plain","computed":true},"id":{"type":"string","description_kind":"plain","optional":true,"computed":true},"location":{"type":"string","description":"The location where the instance available","description_kind":"plain","required":true},"name":{"type":"string","description":"A name for the resource instance","description_kind":"plain","required":true},"parameters":{"type":["map","string"],"description":"Arbitrary parameters to pass. Must be a JSON object","description_kind":"plain","optional":true},"plan":{"type":"string","description":"The plan type of the service","description_kind":"plain","required":true},"resource_controller_url":{"type":"string","description":"The URL of the IBM Cloud dashboard that can be used to explore and view details about the resource","description_kind":"plain","computed":true},"resource_crn":{"type":"string","description":"The crn of the resource","description_kind":"plain","computed":true},"resource_group_id":{"type":"string","description":"The resource group id","description_kind":"plain","optional":true},"resource_group_name":{"type":"string","description":"The resource group name in which resource is provisioned","description_kind":"plain","computed":true},"resource_name":{"type":"string","description":"The name of the resource","description_kind":"plain","computed":true},"resource_status":{"type":"string","description":"The status of the resource","description_kind":"plain","computed":true},"service":{"type":"string","description":"The name of the service offering like cloud-object-storage, kms etc","description_kind":"plain","required":true},"service_endpoints":{"type":"string","description":"Types of the service endpoints. Possible values are 'public', 'private', 'public-and-private'.","description_kind":"plain","optional":true},"status":{"type":"string","description":"Status of resource instance","description_kind":"plain","computed":true},"tags":{"type":["set","string"],"description_kind":"plain","optional":true,"computed":true}},"block_types":{"timeouts":{"nesting_mode":"single","block":{"attributes":{"create":{"type":"string","description_kind":"plain","optional":true},"delete":{"type":"string","description_kind":"plain","optional":true},"update":{"type":"string","description_kind":"plain","optional":true}},"description_kind":"plain"}}},"description_kind":"plain"}},"ibm_resource_key":{"version":0,"block":{"attributes":{"credentials":{"type":["map","string"],"description":"Credentials asociated with the key","description_kind":"plain","computed":true,"sensitive":true},"crn":{"type":"string","description":"crn of resource key","description_kind":"plain","computed":true},"id":{"type":"string","description_kind":"plain","optional":true,"computed":true},"name":{"type":"string","description":"The name of the resource key","description_kind":"plain","required":true},"parameters":{"type":["map","string"],"description":"Arbitrary parameters to pass. Must be a JSON object","description_kind":"plain","optional":true,"computed":true},"resource_alias_id":{"type":"string","description":"The id of the resource alias for which to create resource key","description_kind":"plain","optional":true},"resource_instance_id":{"type":"string","description":"The id of the resource instance for which to create resource key","description_kind":"plain","optional":true},"role":{"type":"string","description":"Name of the user role.Valid roles are Writer, Reader, Manager, Administrator, Operator, Viewer, Editor and Custom Roles.","description_kind":"plain","required":true},"status":{"type":"string","description":"Status of resource key","description_kind":"plain","computed":true},"tags":{"type":["set","string"],"description_kind":"plain","optional":true}},"block_types":{"timeouts":{"nesting_mode":"single","block":{"attributes":{"create":{"type":"string","description_kind":"plain","optional":true},"delete":{"type":"string","description_kind":"plain","optional":true}},"description_kind":"plain"}}},"description_kind":"plain"}},"ibm_security_group":{"version":0,"block":{"attributes":{"description":{"type":"string","description":"Security group description","description_kind":"plain","optional":true},"id":{"type":"string","description_kind":"plain","optional":true,"computed":true},"name":{"type":"string","description":"Security group name","description_kind":"plain","required":true}},"description_kind":"plain"}},"ibm_security_group_rule":{"version":0,"block":{"attributes":{"direction":{"type":"string","description":"Direction of rule: ingress or egress","description_kind":"plain","required":true},"ether_type":{"type":"string","description":"IP version IPv4 or IPv6","description_kind":"plain","optional":true},"id":{"type":"string","description_kind":"plain","optional":true,"computed":true},"port_range_max":{"type":"number","description":"Port number max range","description_kind":"plain","optional":true},"port_range_min":{"type":"number","description":"Port number minimum range","description_kind":"plain","optional":true},"protocol":{"type":"string","description":"icmp, tcp or udp","description_kind":"plain","optional":true},"remote_group_id":{"type":"number","description":"remote group ID","description_kind":"plain","optional":true},"remote_ip":{"type":"string","description":"Remote IP Address","description_kind":"plain","optional":true},"security_group_id":{"type":"number","description":"Security group ID","description_kind":"plain","required":true}},"description_kind":"plain"}},"ibm_service_instance":{"version":0,"block":{"attributes":{"credentials":{"type":["map","string"],"description":"The service broker-provided credentials to use this service.","description_kind":"plain","computed":true,"sensitive":true},"dashboard_url":{"type":"string","description":"Dashboard URL to access resource.","description_kind":"plain","computed":true},"id":{"type":"string","description_kind":"plain","optional":true,"computed":true},"name":{"type":"string","description":"A name for the service instance","description_kind":"plain","required":true},"parameters":{"type":["map","string"],"description":"Arbitrary parameters to pass along to the service broker. Must be a JSON object","description_kind":"plain","optional":true},"plan":{"type":"string","description":"The plan type of the service","description_kind":"plain","required":true},"service":{"type":"string","description":"The name of the service offering like speech_to_text, text_to_speech etc","description_kind":"plain","required":true},"service_keys":{"type":["list",["object",{"credentials":["map","string"],"name":"string"}]],"description":"The service keys asociated with the service instance","description_kind":"plain","computed":true},"service_plan_guid":{"type":"string","description":"The uniquie identifier of the service offering plan type","description_kind":"plain","computed":true},"space_guid":{"type":"string","description":"The guid of the space in which the instance will be created","description_kind":"plain","required":true},"tags":{"type":["set","string"],"description_kind":"plain","optional":true},"wait_time_minutes":{"type":"number","description":"Define timeout to wait for the service instances to succeeded/deleted etc.","description_kind":"plain","optional":true}},"description_kind":"plain"}},"ibm_service_key":{"version":0,"block":{"attributes":{"credentials":{"type":["map","string"],"description":"Credentials asociated with the key","description_kind":"plain","computed":true,"sensitive":true},"id":{"type":"string","description_kind":"plain","optional":true,"computed":true},"name":{"type":"string","description":"The name of the service key","description_kind":"plain","required":true},"parameters":{"type":["map","string"],"description":"Arbitrary parameters to pass along to the service broker. Must be a JSON object","description_kind":"plain","optional":true},"service_instance_guid":{"type":"string","description":"The guid of the service instance for which to create service key","description_kind":"plain","required":true},"tags":{"type":["set","string"],"description_kind":"plain","optional":true}},"description_kind":"plain"}},"ibm_space":{"version":0,"block":{"attributes":{"auditors":{"type":["set","string"],"description":"The IBMID of the users who will have auditor role in this space, ex - user@example.com","description_kind":"plain","optional":true},"developers":{"type":["set","string"],"description":"The IBMID of the users who will have developer role in this space, ex - user@example.com","description_kind":"plain","optional":true},"id":{"type":"string","description_kind":"plain","optional":true,"computed":true},"managers":{"type":["set","string"],"description":"The IBMID of the users who will have manager role in this space, ex - user@example.com","description_kind":"plain","optional":true},"name":{"type":"string","description":"The name for the space","description_kind":"plain","required":true},"org":{"type":"string","description":"The org this space belongs to","description_kind":"plain","required":true},"space_quota":{"type":"string","description":"The name of the Space Quota Definition","description_kind":"plain","optional":true},"tags":{"type":["set","string"],"description_kind":"plain","optional":true}},"description_kind":"plain"}},"ibm_ssl_certificate":{"version":0,"block":{"attributes":{"administrative_address_same_as_organization_flag":{"type":"bool","description":"administrative address same as organization flag","description_kind":"plain","optional":true},"administrative_contact_same_as_technical_flag":{"type":"bool","description":"Administrative contact same as technical flag","description_kind":"plain","optional":true},"billing_address_same_as_organization_flag":{"type":"bool","description":"billing address same as organization flag","description_kind":"plain","optional":true},"billing_contact_same_as_technical_flag":{"type":"bool","description":"billing contact","description_kind":"plain","optional":true},"certificate_signing_request":{"type":"string","description":"certificate signing request info","description_kind":"plain","required":true},"id":{"type":"string","description_kind":"plain","optional":true,"computed":true},"order_approver_email_address":{"type":"string","description":"Email address of the approver","description_kind":"plain","required":true},"renewal_flag":{"type":"bool","description":"Renewal flag","description_kind":"plain","optional":true},"server_count":{"type":"number","description":"Server count","description_kind":"plain","required":true},"server_type":{"type":"string","description":"server type","description_kind":"plain","required":true},"ssl_type":{"type":"string","description":"ssl type","description_kind":"plain","required":true},"technical_contact_same_as_org_address_flag":{"type":"bool","description":"Technical contact same as org address flag","description_kind":"plain","optional":true},"validity_months":{"type":"number","description":"vslidity of the ssl certificate in month","description_kind":"plain","required":true}},"block_types":{"administrative_contact":{"nesting_mode":"set","block":{"attributes":{"admin_email_address":{"type":"string","description_kind":"plain","optional":true},"admin_fax_number":{"type":"string","description_kind":"plain","optional":true},"admin_first_name":{"type":"string","description_kind":"plain","optional":true},"admin_last_name":{"type":"string","description_kind":"plain","optional":true},"admin_organization_name":{"type":"string","description_kind":"plain","optional":true},"admin_phone_number":{"type":"string","description_kind":"plain","optional":true},"admin_title":{"type":"string","description_kind":"plain","optional":true}},"block_types":{"admin_address":{"nesting_mode":"set","block":{"attributes":{"admin_address_line1":{"type":"string","description_kind":"plain","optional":true},"admin_address_line2":{"type":"string","description_kind":"plain","optional":true},"admin_city":{"type":"string","description_kind":"plain","optional":true},"admin_country_code":{"type":"string","description_kind":"plain","optional":true},"admin_postal_code":{"type":"string","description_kind":"plain","optional":true},"admin_state":{"type":"string","description_kind":"plain","optional":true}},"description_kind":"plain"}}},"description_kind":"plain"},"max_items":1},"billing_contact":{"nesting_mode":"set","block":{"attributes":{"billing_email_address":{"type":"string","description_kind":"plain","optional":true},"billing_fax_number":{"type":"string","description_kind":"plain","optional":true},"billing_first_name":{"type":"string","description_kind":"plain","optional":true},"billing_last_name":{"type":"string","description_kind":"plain","optional":true},"billing_organization_name":{"type":"string","description_kind":"plain","optional":true},"billing_phone_number":{"type":"string","description_kind":"plain","optional":true},"billing_title":{"type":"string","description_kind":"plain","optional":true}},"block_types":{"billing_address":{"nesting_mode":"set","block":{"attributes":{"billing_address_line1":{"type":"string","description_kind":"plain","optional":true},"billing_address_line2":{"type":"string","description_kind":"plain","optional":true},"billing_city":{"type":"string","description_kind":"plain","optional":true},"billing_country_code":{"type":"string","description_kind":"plain","optional":true},"billing_postal_code":{"type":"string","description_kind":"plain","optional":true},"billing_state":{"type":"string","description_kind":"plain","optional":true}},"description_kind":"plain"}}},"description_kind":"plain"},"max_items":1},"organization_information":{"nesting_mode":"set","block":{"attributes":{"org_fax_number":{"type":"string","description_kind":"plain","optional":true},"org_organization_name":{"type":"string","description":"Organization name","description_kind":"plain","required":true},"org_phone_number":{"type":"string","description":"Organization phone number","description_kind":"plain","required":true}},"block_types":{"org_address":{"nesting_mode":"set","block":{"attributes":{"org_address_line1":{"type":"string","description_kind":"plain","required":true},"org_address_line2":{"type":"string","description_kind":"plain","optional":true},"org_city":{"type":"string","description_kind":"plain","required":true},"org_country_code":{"type":"string","description_kind":"plain","required":true},"org_postal_code":{"type":"string","description_kind":"plain","required":true},"org_state":{"type":"string","description_kind":"plain","required":true}},"description_kind":"plain"},"min_items":1}},"description_kind":"plain"},"min_items":1,"max_items":1},"technical_contact":{"nesting_mode":"set","block":{"attributes":{"tech_email_address":{"type":"string","description_kind":"plain","required":true},"tech_fax_number":{"type":"string","description_kind":"plain","optional":true},"tech_first_name":{"type":"string","description_kind":"plain","required":true},"tech_last_name":{"type":"string","description_kind":"plain","required":true},"tech_organization_name":{"type":"string","description_kind":"plain","required":true},"tech_phone_number":{"type":"string","description_kind":"plain","required":true},"tech_title":{"type":"string","description_kind":"plain","required":true}},"block_types":{"tech_address":{"nesting_mode":"set","block":{"attributes":{"tech_address_line1":{"type":"string","description_kind":"plain","optional":true},"tech_address_line2":{"type":"string","description_kind":"plain","optional":true},"tech_city":{"type":"string","description_kind":"plain","optional":true},"tech_country_code":{"type":"string","description_kind":"plain","optional":true},"tech_postal_code":{"type":"string","description_kind":"plain","optional":true},"tech_state":{"type":"string","description_kind":"plain","optional":true}},"description_kind":"plain"}}},"description_kind":"plain"},"min_items":1,"max_items":1}},"description_kind":"plain"}},"ibm_storage_block":{"version":0,"block":{"attributes":{"allowed_hardware_ids":{"type":["set","number"],"description":"List of allowe hardware IDs","description_kind":"plain","optional":true,"computed":true},"allowed_hardware_info":{"type":["set",["object",{"host_iqn":"string","id":"number","password":"string","username":"string"}]],"description_kind":"plain","computed":true},"allowed_host_info":{"type":["list",["object",{"host_iqn":"string","id":"number","password":"string","username":"string"}]],"description_kind":"plain","computed":true},"allowed_ip_addresses":{"type":["set","string"],"description":"Allowed IP addresses","description_kind":"plain","optional":true},"allowed_virtual_guest_ids":{"type":["set","number"],"description":"List of allowed virtual guest IDs","description_kind":"plain","optional":true,"computed":true},"allowed_virtual_guest_info":{"type":["set",["object",{"host_iqn":"string","id":"number","password":"string","username":"string"}]],"description_kind":"plain","computed":true},"capacity":{"type":"number","description":"Storage block size","description_kind":"plain","required":true},"datacenter":{"type":"string","description":"Datacenter name","description_kind":"plain","required":true},"hostname":{"type":"string","description":"Hostname","description_kind":"plain","computed":true},"hourly_billing":{"type":"bool","description":"Billing done hourly, if set to true","description_kind":"plain","optional":true},"id":{"type":"string","description_kind":"plain","optional":true,"computed":true},"iops":{"type":"number","description":"IOPS value required","description_kind":"plain","required":true},"notes":{"type":"string","description":"Additional note info","description_kind":"plain","optional":true},"os_format_type":{"type":"string","description":"OS formatr type","description_kind":"plain","required":true},"resource_controller_url":{"type":"string","description":"The URL of the IBM Cloud dashboard that can be used to explore and view details about this instance","description_kind":"plain","computed":true},"resource_name":{"type":"string","description":"The name of the resource","description_kind":"plain","computed":true},"snapshot_capacity":{"type":"number","description":"Snapshot capacity in GB","description_kind":"plain","optional":true},"tags":{"type":["set","string"],"description":"List of tags associated with the resource","description_kind":"plain","optional":true},"target_address":{"type":["list","string"],"description":"List of target Addresses","description_kind":"plain","computed":true},"type":{"type":"string","description":"Storage block type","description_kind":"plain","required":true},"volumename":{"type":"string","description":"Volume name","description_kind":"plain","computed":true}},"block_types":{"timeouts":{"nesting_mode":"single","block":{"attributes":{"create":{"type":"string","description_kind":"plain","optional":true},"delete":{"type":"string","description_kind":"plain","optional":true},"update":{"type":"string","description_kind":"plain","optional":true}},"description_kind":"plain"}}},"description_kind":"plain"}},"ibm_storage_evault":{"version":0,"block":{"attributes":{"capacity":{"type":"number","description":"Capacity","description_kind":"plain","required":true},"datacenter":{"type":"string","description":"Datacenter name","description_kind":"plain","required":true},"hardware_instance_id":{"type":"number","description":"Hardware instance ID","description_kind":"plain","optional":true},"id":{"type":"string","description_kind":"plain","optional":true,"computed":true},"password":{"type":"string","description":"password","description_kind":"plain","computed":true,"sensitive":true},"service_resource_name":{"type":"string","description":"service resource name","description_kind":"plain","computed":true},"tags":{"type":["set","string"],"description":"Tags set for the resource","description_kind":"plain","optional":true},"username":{"type":"string","description":"user name","description_kind":"plain","computed":true},"virtual_instance_id":{"type":"number","description":"Virtual instance ID","description_kind":"plain","optional":true}},"block_types":{"timeouts":{"nesting_mode":"single","block":{"attributes":{"create":{"type":"string","description_kind":"plain","optional":true},"update":{"type":"string","description_kind":"plain","optional":true}},"description_kind":"plain"}}},"description_kind":"plain"}},"ibm_storage_file":{"version":0,"block":{"attributes":{"allowed_hardware_ids":{"type":["set","number"],"description":"Hardaware ID","description_kind":"plain","optional":true,"computed":true},"allowed_ip_addresses":{"type":["set","string"],"description":"Allowed range of IP addresses","description_kind":"plain","optional":true},"allowed_subnets":{"type":["set","string"],"description":"Allowed network subnets","description_kind":"plain","optional":true},"allowed_virtual_guest_ids":{"type":["set","number"],"description":"Virtual guest ID","description_kind":"plain","optional":true,"computed":true},"capacity":{"type":"number","description":"Storage capacity","description_kind":"plain","required":true},"datacenter":{"type":"string","description":"Datacenter name","description_kind":"plain","required":true},"hostname":{"type":"string","description":"Hostname","description_kind":"plain","computed":true},"hourly_billing":{"type":"bool","description":"Hourly based billing type","description_kind":"plain","optional":true},"id":{"type":"string","description_kind":"plain","optional":true,"computed":true},"iops":{"type":"number","description":"iops rate","description_kind":"plain","required":true},"mountpoint":{"type":"string","description":"Storage mount point","description_kind":"plain","computed":true},"notes":{"type":"string","description":"Notes","description_kind":"plain","optional":true},"resource_controller_url":{"type":"string","description":"The URL of the IBM Cloud dashboard that can be used to explore and view details about this instance","description_kind":"plain","computed":true},"resource_name":{"type":"string","description":"The name of the resource","description_kind":"plain","computed":true},"resource_status":{"type":"string","description":"The status of the resource","description_kind":"plain","computed":true},"snapshot_capacity":{"type":"number","description":"Snapshot capacity","description_kind":"plain","optional":true},"tags":{"type":["set","string"],"description":"Tags set for the storage volume","description_kind":"plain","optional":true},"type":{"type":"string","description":"Storage type","description_kind":"plain","required":true},"volumename":{"type":"string","description":"Storage volume name","description_kind":"plain","computed":true}},"block_types":{"snapshot_schedule":{"nesting_mode":"set","block":{"attributes":{"day_of_week":{"type":"string","description":"Day of the week","description_kind":"plain","optional":true},"enable":{"type":"bool","description_kind":"plain","optional":true},"hour":{"type":"number","description":"Time duration in hour","description_kind":"plain","optional":true},"minute":{"type":"number","description":"Time duration in minutes","description_kind":"plain","optional":true},"retention_count":{"type":"number","description":"Retention count","description_kind":"plain","required":true},"schedule_type":{"type":"string","description":"schedule type","description_kind":"plain","required":true}},"description_kind":"plain"},"max_items":3},"timeouts":{"nesting_mode":"single","block":{"attributes":{"create":{"type":"string","description_kind":"plain","optional":true},"delete":{"type":"string","description_kind":"plain","optional":true},"update":{"type":"string","description_kind":"plain","optional":true}},"description_kind":"plain"}}},"description_kind":"plain"}},"ibm_subnet":{"version":0,"block":{"attributes":{"capacity":{"type":"number","description":"number of ip addresses in the subnet","description_kind":"plain","required":true},"endpoint_ip":{"type":"string","description":"endpoint IP","description_kind":"plain","optional":true},"id":{"type":"string","description_kind":"plain","optional":true,"computed":true},"ip_version":{"type":"number","description":"ip version","description_kind":"plain","optional":true},"notes":{"type":"string","description":"Notes","description_kind":"plain","optional":true},"private":{"type":"bool","description":"private subnet","description_kind":"plain","optional":true},"subnet_cidr":{"type":"string","description":"CIDR notation for the subnet","description_kind":"plain","computed":true},"tags":{"type":["set","string"],"description":"tags set for the resource","description_kind":"plain","optional":true},"type":{"type":"string","description":"subnet type","description_kind":"plain","required":true},"vlan_id":{"type":"number","description":"VLAN ID for the subnet","description_kind":"plain","optional":true,"computed":true}},"block_types":{"timeouts":{"nesting_mode":"single","block":{"attributes":{"create":{"type":"string","description_kind":"plain","optional":true}},"description_kind":"plain"}}},"description_kind":"plain"}},"ibm_tg_connection":{"version":0,"block":{"attributes":{"connection_id":{"type":"string","description":"The Transit Gateway Connection identifier","description_kind":"plain","computed":true},"created_at":{"type":"string","description":"The date and time that this connection was created","description_kind":"plain","computed":true},"gateway":{"type":"string","description":"The Transit Gateway identifier","description_kind":"plain","required":true},"id":{"type":"string","description_kind":"plain","optional":true,"computed":true},"name":{"type":"string","description":"The user-defined name for this transit gateway. If unspecified, the name will be the network name (the name of the VPC in the case of network type 'vpc', and the word Classic, in the case of network type 'classic').","description_kind":"plain","optional":true},"network_account_id":{"type":"string","description":"The ID of the account which owns the network that is being connected. Generally only used if the network is in a different account than the gateway.","description_kind":"plain","optional":true},"network_id":{"type":"string","description":"The ID of the network being connected via this connection. This field is required for some types, such as 'vpc'. For network type 'vpc' this is the CRN of the VPC to be connected. This field is required to be unspecified for network type 'classic'.","description_kind":"plain","optional":true,"computed":true},"network_type":{"type":"string","description":"Defines what type of network is connected via this connection.Allowable values (classic,vpc)","description_kind":"plain","required":true},"related_crn":{"type":"string","description":"The crn of the transit gateway","description_kind":"plain","computed":true},"status":{"type":"string","description":"Status of the virtual connection.Possible values: [pending,attached,approval_pending,rejected,expired,deleting,detached_by_network_pending,detached_by_network]","description_kind":"plain","computed":true},"updated_at":{"type":"string","description":"The date and time that this connection was last updated","description_kind":"plain","computed":true}},"block_types":{"timeouts":{"nesting_mode":"single","block":{"attributes":{"create":{"type":"string","description_kind":"plain","optional":true},"delete":{"type":"string","description_kind":"plain","optional":true},"update":{"type":"string","description_kind":"plain","optional":true}},"description_kind":"plain"}}},"description_kind":"plain"}},"ibm_tg_gateway":{"version":0,"block":{"attributes":{"global":{"type":"bool","description":"Allow global routing for a Transit Gateway. If unspecified, the default value is false","description_kind":"plain","optional":true},"id":{"type":"string","description_kind":"plain","optional":true,"computed":true},"location":{"type":"string","description":"Location of Transit Gateway Services","description_kind":"plain","required":true},"name":{"type":"string","description":"Name Transit Gateway Services","description_kind":"plain","required":true},"resource_controller_url":{"type":"string","description":"The URL of the IBM Cloud dashboard that can be used to explore and view details about this instance","description_kind":"plain","computed":true},"resource_crn":{"type":"string","description":"The crn of the resource","description_kind":"plain","computed":true},"resource_group":{"type":"string","description_kind":"plain","optional":true,"computed":true},"resource_group_name":{"type":"string","description":"The resource group name in which resource is provisioned","description_kind":"plain","computed":true},"resource_name":{"type":"string","description":"The name of the resource","description_kind":"plain","computed":true},"resource_status":{"type":"string","description":"The status of the resource","description_kind":"plain","computed":true},"tags":{"type":["set","string"],"description":"Tags for the transit gateway instance","description_kind":"plain","optional":true,"computed":true}},"block_types":{"timeouts":{"nesting_mode":"single","block":{"attributes":{"create":{"type":"string","description_kind":"plain","optional":true},"delete":{"type":"string","description_kind":"plain","optional":true},"update":{"type":"string","description_kind":"plain","optional":true}},"description_kind":"plain"}}},"description_kind":"plain"}}},"data_source_schemas":{"ibm_account":{"version":0,"block":{"attributes":{"account_users":{"type":["list",["object",{"email":"string","id":"string","role":"string","state":"string"}]],"description_kind":"plain","computed":true},"id":{"type":"string","description_kind":"plain","optional":true,"computed":true},"org_guid":{"type":"string","description":"The guid of the org","description_kind":"plain","required":true}},"description_kind":"plain"}},"ibm_api_gateway":{"version":0,"block":{"attributes":{"endpoints":{"type":["list",["object",{"alias_url":"string","base_path":"string","endpoint_id":"string","managed":"bool","managed_url":"string","name":"string","open_api_doc":"string","routes":["list","string"],"shared":"bool","subscriptions":["list",["object",{"client_id":"string","name":"string","secret_provided":"bool","type":"string"}]]}]],"description":"List of all endpoints of an instance","description_kind":"plain","computed":true},"id":{"type":"string","description_kind":"plain","optional":true,"computed":true},"service_instance_crn":{"type":"string","description":"Api Gateway Service Instance Crn","description_kind":"plain","required":true}},"description_kind":"plain"}},"ibm_app":{"version":0,"block":{"attributes":{"buildpack":{"type":"string","description":"Buildpack to build the app. 3 options: a) Blank means autodetection; b) A Git Url pointing to a buildpack; c) Name of an installed buildpack.","description_kind":"plain","computed":true},"disk_quota":{"type":"number","description":"The maximum amount of disk available to an instance of an app. In megabytes.","description_kind":"plain","computed":true},"environment_json":{"type":["map","string"],"description":"Key/value pairs of all the environment variables to run in your app. Does not include any system or service variables.","description_kind":"plain","computed":true},"health_check_http_endpoint":{"type":"string","description":"Endpoint called to determine if the app is healthy.","description_kind":"plain","computed":true},"health_check_timeout":{"type":"number","description":"Timeout in seconds for health checking of an staged app when starting up.","description_kind":"plain","computed":true},"health_check_type":{"type":"string","description":"Type of health check to perform.","description_kind":"plain","computed":true},"id":{"type":"string","description_kind":"plain","optional":true,"computed":true},"instances":{"type":"number","description":"The number of instances","description_kind":"plain","computed":true},"memory":{"type":"number","description":"The amount of memory each instance should have. In megabytes.","description_kind":"plain","computed":true},"name":{"type":"string","description":"The name for the app","description_kind":"plain","required":true},"package_state":{"type":"string","description":"The state of the application package whether staged, pending etc","description_kind":"plain","computed":true},"route_guid":{"type":["set","string"],"description":"Define the route guids which should be bound to the application.","description_kind":"plain","computed":true},"service_instance_guid":{"type":["set","string"],"description":"Define the service instance guids that should be bound to this application.","description_kind":"plain","computed":true},"space_guid":{"type":"string","description":"Define space guid to which app belongs","description_kind":"plain","required":true},"state":{"type":"string","description":"The state of the application","description_kind":"plain","computed":true}},"description_kind":"plain"}},"ibm_app_domain_private":{"version":0,"block":{"attributes":{"id":{"type":"string","description_kind":"plain","optional":true,"computed":true},"name":{"type":"string","description":"The name of the private domain","description_kind":"plain","required":true}},"description_kind":"plain"}},"ibm_app_domain_shared":{"version":0,"block":{"attributes":{"id":{"type":"string","description_kind":"plain","optional":true,"computed":true},"name":{"type":"string","description":"The name of the shared domain","description_kind":"plain","required":true}},"description_kind":"plain"}},"ibm_app_route":{"version":0,"block":{"attributes":{"domain_guid":{"type":"string","description":"The guid of the domain","description_kind":"plain","required":true},"host":{"type":"string","description":"The host of the route","description_kind":"plain","optional":true},"id":{"type":"string","description_kind":"plain","optional":true,"computed":true},"path":{"type":"string","description":"The path of the route","description_kind":"plain","optional":true},"port":{"type":"string","description":"The port of the route","description_kind":"plain","optional":true},"space_guid":{"type":"string","description":"The guid of the space","description_kind":"plain","required":true}},"description_kind":"plain"}},"ibm_certificate_manager_certificate":{"version":0,"block":{"attributes":{"certificate_details":{"type":["list",["object",{"algorithm":"string","begins_on":"number","cert_id":"string","data":["map","string"],"description":"string","domains":["list","string"],"expires_on":"number","has_previous":"bool","imported":"bool","issuance_info":["map","string"],"issuer":"string","key_algorithm":"string","name":"string","status":"string"}]],"description":"List of certificate","description_kind":"plain","computed":true},"certificate_manager_instance_id":{"type":"string","description_kind":"plain","required":true},"id":{"type":"string","description_kind":"plain","optional":true,"computed":true},"name":{"type":"string","description_kind":"plain","required":true}},"description_kind":"plain"}},"ibm_certificate_manager_certificates":{"version":0,"block":{"attributes":{"certificate_manager_instance_id":{"type":"string","description":"Certificate Manager Instance ID","description_kind":"plain","required":true},"certificates":{"type":["list",["object",{"algorithm":"string","begins_on":"number","cert_id":"string","domains":["list","string"],"expires_on":"number","has_previous":"bool","imported":"bool","issuance_info":["map","string"],"issuer":"string","key_algorithm":"string","name":"string","serial_number":"string","status":"string"}]],"description":"List of certificates","description_kind":"plain","computed":true},"id":{"type":"string","description_kind":"plain","optional":true,"computed":true}},"description_kind":"plain"}},"ibm_cis":{"version":0,"block":{"attributes":{"guid":{"type":"string","description":"Unique identifier of resource instance","description_kind":"plain","computed":true},"id":{"type":"string","description_kind":"plain","optional":true,"computed":true},"location":{"type":"string","description":"The location or the environment in which cis instance exists","description_kind":"plain","computed":true},"name":{"type":"string","description":"Resource instance name for example, my cis instance","description_kind":"plain","required":true},"plan":{"type":"string","description":"The plan type of the cis instance","description_kind":"plain","computed":true},"resource_controller_url":{"type":"string","description":"The URL of the IBM Cloud dashboard that can be used to explore and view details about the resource","description_kind":"plain","computed":true},"resource_crn":{"type":"string","description":"The crn of the resource","description_kind":"plain","computed":true},"resource_group_id":{"type":"string","description":"The id of the resource group in which the cis instance is present","description_kind":"plain","optional":true},"resource_group_name":{"type":"string","description":"The resource group name in which resource is provisioned","description_kind":"plain","computed":true},"resource_name":{"type":"string","description":"The name of the resource","description_kind":"plain","computed":true},"resource_status":{"type":"string","description":"The status of the resource","description_kind":"plain","computed":true},"service":{"type":"string","description":"The name of the Cloud Internet Services offering, 'internet-svcs'","description_kind":"plain","computed":true},"status":{"type":["map","string"],"description":"The resource instance status","description_kind":"plain","computed":true}},"description_kind":"plain"}},"ibm_cis_dns_records":{"version":0,"block":{"attributes":{"cis_dns_records":{"type":["list",["object",{"content":"string","created_on":"string","data":["map","string"],"id":"string","modified_on":"string","name":"string","priority":"number","proxiable":"bool","proxied":"bool","record_id":"string","ttl":"number","type":"string","zone_name":"string"}]],"description":"Collection of dns resource records","description_kind":"plain","computed":true},"cis_id":{"type":"string","description":"DNS Zone CRN","description_kind":"plain","required":true},"domain_id":{"type":"string","description":"Zone Id","description_kind":"plain","required":true},"id":{"type":"string","description_kind":"plain","optional":true,"computed":true}},"block_types":{"timeouts":{"nesting_mode":"single","block":{"attributes":{"read":{"type":"string","description_kind":"plain","optional":true}},"description_kind":"plain"}}},"description_kind":"plain"}},"ibm_cis_domain":{"version":0,"block":{"attributes":{"cis_id":{"type":"string","description":"CIS object id","description_kind":"plain","required":true},"domain":{"type":"string","description":"CISzone - Domain","description_kind":"plain","required":true},"domain_id":{"type":"string","description_kind":"plain","computed":true},"id":{"type":"string","description_kind":"plain","optional":true,"computed":true},"name_servers":{"type":["list","string"],"description_kind":"plain","computed":true},"original_name_servers":{"type":["list","string"],"description_kind":"plain","computed":true},"paused":{"type":"bool","description_kind":"plain","computed":true},"status":{"type":"string","description_kind":"plain","computed":true}},"description_kind":"plain"}},"ibm_cis_firewall":{"version":0,"block":{"attributes":{"cis_id":{"type":"string","description":"CIS object id","description_kind":"plain","required":true},"domain_id":{"type":"string","description":"Associated CIS domain","description_kind":"plain","required":true},"firewall_type":{"type":"string","description":"Type of firewall.Allowable values are access-rules,ua-rules,lockdowns","description_kind":"plain","required":true},"id":{"type":"string","description_kind":"plain","optional":true,"computed":true},"lockdown":{"type":["list",["object",{"configurations":["list",["object",{"target":"string","value":"string"}]],"description":"string","lockdown_id":"string","paused":"bool","priority":"number","urls":["list","string"]}]],"description":"Lockdown json Data","description_kind":"plain","computed":true}},"description_kind":"plain"}},"ibm_cis_healthchecks":{"version":0,"block":{"attributes":{"cis_healthchecks":{"type":["list",["object",{"allow_insecure":"bool","cis_id":"string","create_on":"string","description":"string","expected_body":"string","expected_codes":"string","follow_redirects":"bool","id":"string","interval":"number","method":"string","modified_on":"string","monitor_id":"string","path":"string","port":"number","retries":"number","timeout":"number","type":"string"}]],"description":"Collection of GLB Health check/monitor detail","description_kind":"plain","computed":true},"cis_id":{"type":"string","description":"DNS Zone CRN","description_kind":"plain","required":true},"id":{"type":"string","description_kind":"plain","optional":true,"computed":true}},"block_types":{"timeouts":{"nesting_mode":"single","block":{"attributes":{"read":{"type":"string","description_kind":"plain","optional":true}},"description_kind":"plain"}}},"description_kind":"plain"}},"ibm_cis_ip_addresses":{"version":0,"block":{"attributes":{"id":{"type":"string","description_kind":"plain","optional":true,"computed":true},"ipv4_cidrs":{"type":["list","string"],"description_kind":"plain","computed":true},"ipv6_cidrs":{"type":["list","string"],"description_kind":"plain","computed":true}},"description_kind":"plain"}},"ibm_cis_rate_limit":{"version":0,"block":{"attributes":{"cis_id":{"type":"string","description_kind":"plain","required":true},"domain_id":{"type":"string","description_kind":"plain","required":true},"id":{"type":"string","description_kind":"plain","optional":true,"computed":true},"rate_limit":{"type":["list",["object",{"action":["list",["object",{"mode":"string","response":["list",["object",{"body":"string","content_type":"string"}]],"timeout":"number"}]],"bypass":["list",["object",{"name":"string","value":"string"}]],"correlate":["list",["object",{"by":"string"}]],"description":"string","disabled":"bool","match":["list",["object",{"request":["list",["object",{"methods":["list","string"],"schemes":["list","string"],"url":"string"}]],"response":["list",["object",{"headers":["list",["object",{"name":"string","op":"string","value":"string"}]],"origin_traffic":"bool","status":["list","number"]}]]}]],"period":"number","rule_id":"string","threshold":"number"}]],"description_kind":"plain","computed":true}},"description_kind":"plain"}},"ibm_compute_bare_metal":{"version":0,"block":{"attributes":{"block_storage_ids":{"type":["set","number"],"description":"Block storage to which this computing server have access.","description_kind":"plain","computed":true},"datacenter":{"type":"string","description":"Datacenter in which the bare metal is deployed","description_kind":"plain","computed":true},"domain":{"type":"string","description":"The domain of the bare metal server","description_kind":"plain","optional":true,"computed":true},"file_storage_ids":{"type":["set","number"],"description":"File storage to which this computing server have access.","description_kind":"plain","computed":true},"global_identifier":{"type":"string","description":"The unique global identifier of the bare metal server","description_kind":"plain","optional":true,"computed":true},"hostname":{"type":"string","description":"The hostname of the bare metal server","description_kind":"plain","optional":true,"computed":true},"hourly_billing":{"type":"bool","description":"The billing type of the server.","description_kind":"plain","computed":true},"id":{"type":"string","description_kind":"plain","optional":true,"computed":true},"ipv6_address":{"type":"string","description":"The public IPv6 address of the bare metal server ","description_kind":"plain","computed":true},"ipv6_address_id":{"type":"number","description_kind":"plain","computed":true},"ipv6_enabled":{"type":"bool","description":"Indicates whether the public IPv6 address enabled or not","description_kind":"plain","computed":true},"memory":{"type":"number","description":"The amount of memory in gigabytes, for the server.","description_kind":"plain","computed":true},"most_recent":{"type":"bool","description":"If true and multiple entries are found, the most recently created bare metal is used. If false, an error is returned","description_kind":"plain","optional":true},"network_speed":{"type":"number","description":"The connection speed, expressed in Mbps,  for the server network components.","description_kind":"plain","computed":true},"notes":{"type":"string","description":"Notes associated with the server.","description_kind":"plain","computed":true},"os_reference_code":{"type":"string","description_kind":"plain","computed":true},"private_ipv4_address":{"type":"string","description":"The private IPv4 address of the bare metal server.","description_kind":"plain","computed":true},"private_ipv4_address_id":{"type":"number","description_kind":"plain","computed":true},"private_network_only":{"type":"bool","description":"Specifies whether the server only has access to the private network.","description_kind":"plain","computed":true},"private_subnet":{"type":"number","description":"The private subnet used for the private network interface of the server.","description_kind":"plain","computed":true},"private_vlan_id":{"type":"number","description":"The private VLAN used for the private network interface of the server.","description_kind":"plain","computed":true},"public_bandwidth":{"type":"number","description":"The amount of public network traffic, allowed per month.","description_kind":"plain","computed":true},"public_ipv4_address":{"type":"string","description":"The public IPv4 address of the bare metal server.","description_kind":"plain","computed":true},"public_ipv4_address_id":{"type":"number","description_kind":"plain","computed":true},"public_subnet":{"type":"number","description":"The public subnet used for the public network interface of the server.","description_kind":"plain","computed":true},"public_vlan_id":{"type":"number","description":"The public VLAN used for the public network interface of the server.","description_kind":"plain","computed":true},"redundant_network":{"type":"bool","description":"When the value is `true`, two physical network interfaces are provided with a bonding configuration.","description_kind":"plain","computed":true},"redundant_power_supply":{"type":"bool","description":"When the value is `true`, it indicates additional power supply is provided.","description_kind":"plain","computed":true},"secondary_ip_addresses":{"type":["list","string"],"description":" The public secondary IPv4 addresses of the bare metal server.","description_kind":"plain","computed":true},"secondary_ip_count":{"type":"number","description":"The number of secondary IPv4 addresses of the bare metal server.","description_kind":"plain","computed":true},"tags":{"type":["list","string"],"description":"Tags associated with this bare metal server.","description_kind":"plain","computed":true},"unbonded_network":{"type":"bool","description":"When the value is `true`, two physical network interfaces are provided without a bonding configuration.","description_kind":"plain","computed":true},"user_metadata":{"type":"string","description":"Arbitrary data available to the computing server.","description_kind":"plain","computed":true}},"description_kind":"plain"}},"ibm_compute_image_template":{"version":0,"block":{"attributes":{"id":{"type":"number","description":"The internal id of the image template","description_kind":"plain","computed":true},"name":{"type":"string","description":"The name of this image template","description_kind":"plain","required":true}},"description_kind":"plain"}},"ibm_compute_placement_group":{"version":0,"block":{"attributes":{"datacenter":{"type":"string","description_kind":"plain","computed":true},"id":{"type":"string","description_kind":"plain","optional":true,"computed":true},"name":{"type":"string","description_kind":"plain","required":true},"pod":{"type":"string","description_kind":"plain","computed":true},"rule":{"type":"string","description_kind":"plain","computed":true},"virtual_guests":{"type":["list",["object",{"domain":"string","hostname":"string","id":"number"}]],"description_kind":"plain","computed":true}},"description_kind":"plain"}},"ibm_compute_ssh_key":{"version":0,"block":{"attributes":{"fingerprint":{"type":"string","description":"A sequence of bytes to authenticate or lookup a longer ssh key","description_kind":"plain","computed":true},"id":{"type":"string","description_kind":"plain","optional":true,"computed":true},"label":{"type":"string","description":"The label associated with the ssh key","description_kind":"plain","required":true},"most_recent":{"type":"bool","description":"If true and multiple entries are found, the most recently created key is used. If false, an error is returned","description_kind":"plain","optional":true},"notes":{"type":"string","description":"A small note about a ssh key to use at your discretion","description_kind":"plain","computed":true},"public_key":{"type":"string","description":"The public ssh key","description_kind":"plain","computed":true}},"description_kind":"plain"}},"ibm_compute_vm_instance":{"version":0,"block":{"attributes":{"cores":{"type":"number","description":"Number of cpu cores","description_kind":"plain","computed":true},"datacenter":{"type":"string","description":"Datacenter in which the virtual guest is deployed","description_kind":"plain","computed":true},"domain":{"type":"string","description":"The domain of the virtual guest","description_kind":"plain","required":true},"hostname":{"type":"string","description":"The hostname of the virtual guest","description_kind":"plain","required":true},"id":{"type":"string","description_kind":"plain","optional":true,"computed":true},"ip_address_id":{"type":"number","description_kind":"plain","computed":true},"ip_address_id_private":{"type":"number","description_kind":"plain","computed":true},"ipv4_address":{"type":"string","description_kind":"plain","computed":true},"ipv4_address_private":{"type":"string","description_kind":"plain","computed":true},"ipv6_address":{"type":"string","description_kind":"plain","computed":true},"ipv6_address_id":{"type":"number","description_kind":"plain","computed":true},"last_known_power_state":{"type":"string","description":"The last known power state of a virtual guest in the event the guest is turned off outside of IMS or has gone offline.","description_kind":"plain","computed":true},"most_recent":{"type":"bool","description":"If true and multiple entries are found, the most recently created virtual guest is used. If false, an error is returned","description_kind":"plain","optional":true},"power_state":{"type":"string","description":"The current power state of a virtual guest.","description_kind":"plain","computed":true},"private_interface_id":{"type":"number","description_kind":"plain","computed":true},"private_subnet_id":{"type":"number","description_kind":"plain","computed":true},"public_interface_id":{"type":"number","description_kind":"plain","computed":true},"public_ipv6_subnet":{"type":"string","description_kind":"plain","computed":true},"public_ipv6_subnet_id":{"type":"string","description_kind":"plain","computed":true},"public_subnet_id":{"type":"number","description_kind":"plain","computed":true},"secondary_ip_addresses":{"type":["list","string"],"description_kind":"plain","computed":true},"secondary_ip_count":{"type":"number","description_kind":"plain","computed":true},"status":{"type":"string","description":"The VSI status","description_kind":"plain","computed":true}},"description_kind":"plain"}},"ibm_container_addons":{"version":0,"block":{"attributes":{"addons":{"type":["list",["object",{"allowed_upgrade_versions":["list","string"],"deprecated":"bool","health_state":"string","health_status":"string","min_kube_version":"string","min_ocp_version":"string","name":"string","supported_kube_range":"string","target_version":"string","version":"string","vlan_spanning_required":"bool"}]],"description":"The List of AddOns","description_kind":"plain","computed":true},"cluster":{"type":"string","description":"Cluster Name or ID","description_kind":"plain","required":true},"id":{"type":"string","description_kind":"plain","optional":true,"computed":true}},"description_kind":"plain"}},"ibm_container_alb":{"version":0,"block":{"attributes":{"alb_id":{"type":"string","description":"ALB ID","description_kind":"plain","required":true},"alb_type":{"type":"string","description":"ALB type","description_kind":"plain","computed":true},"cluster":{"type":"string","description":"Cluster id","description_kind":"plain","computed":true},"disable_deployment":{"type":"bool","description":"Set to true if ALB needs to be disabled","description_kind":"plain","computed":true},"enable":{"type":"bool","description":"set to true if ALB needs to be enabled","description_kind":"plain","computed":true},"id":{"type":"string","description_kind":"plain","optional":true,"computed":true},"name":{"type":"string","description":"ALB name","description_kind":"plain","computed":true},"user_ip":{"type":"string","description":"IP assigned by the user","description_kind":"plain","computed":true},"zone":{"type":"string","description":"ALB zone","description_kind":"plain","computed":true}},"description_kind":"plain"}},"ibm_container_alb_cert":{"version":0,"block":{"attributes":{"cert_crn":{"type":"string","description":"Certificate CRN id","description_kind":"plain","computed":true},"cloud_cert_instance_id":{"type":"string","description":"cloud cert instance ID","description_kind":"plain","computed":true},"cluster_crn":{"type":"string","description":"cluster CRN","description_kind":"plain","computed":true},"cluster_id":{"type":"string","description":"Cluster ID","description_kind":"plain","required":true},"domain_name":{"type":"string","description":"Domain name","description_kind":"plain","computed":true},"expires_on":{"type":"string","description":"Certificate expaire on date","description_kind":"plain","computed":true},"id":{"type":"string","description_kind":"plain","optional":true,"computed":true},"issuer_name":{"type":"string","description":"certificate issuer name","description_kind":"plain","computed":true},"secret_name":{"type":"string","description":"Secret name","description_kind":"plain","required":true}},"description_kind":"plain"}},"ibm_container_bind_service":{"version":0,"block":{"attributes":{"cluster_name_id":{"type":"string","description":"Cluster name or ID","description_kind":"plain","required":true},"id":{"type":"string","description_kind":"plain","optional":true,"computed":true},"namespace_id":{"type":"string","description":"namespace ID","description_kind":"plain","required":true},"service_instance_id":{"type":"string","description":"Service instance ID","description_kind":"plain","optional":true,"computed":true},"service_instance_name":{"type":"string","description":"serivice instance name","description_kind":"plain","optional":true,"computed":true},"service_key_name":{"type":"string","description":"Key info","description_kind":"plain","computed":true}},"description_kind":"plain"}},"ibm_container_cluster":{"version":0,"block":{"attributes":{"account_guid":{"type":"string","description":"The bluemix account guid this cluster belongs to","description_kind":"plain","optional":true},"alb_type":{"type":"string","description_kind":"plain","optional":true},"albs":{"type":["list",["object",{"alb_ip":"string","alb_type":"string","disable_deployment":"bool","enable":"bool","id":"string","name":"string","num_of_instances":"string","resize":"bool","state":"string"}]],"description_kind":"plain","computed":true},"bounded_services":{"type":["set",["object",{"namespace":"string","service_id":"string","service_key_name":"string","service_name":"string"}]],"description_kind":"plain","computed":true},"cluster_name_id":{"type":"string","description":"Name or id of the cluster","description_kind":"plain","optional":true},"crn":{"type":"string","description":"CRN of resource instance","description_kind":"plain","computed":true},"id":{"type":"string","description_kind":"plain","optional":true,"computed":true},"ingress_hostname":{"type":"string","description_kind":"plain","computed":true},"ingress_secret":{"type":"string","description_kind":"plain","computed":true,"sensitive":true},"is_trusted":{"type":"bool","description_kind":"plain","computed":true},"name":{"type":"string","description":"Name or id of the cluster","description_kind":"plain","optional":true},"org_guid":{"type":"string","description":"The bluemix organization guid this cluster belongs to","description_kind":"plain","optional":true},"private_service_endpoint":{"type":"bool","description_kind":"plain","computed":true},"private_service_endpoint_url":{"type":"string","description_kind":"plain","computed":true},"public_service_endpoint":{"type":"bool","description_kind":"plain","computed":true},"public_service_endpoint_url":{"type":"string","description_kind":"plain","computed":true},"region":{"type":"string","description":"The cluster region","description_kind":"plain","optional":true,"computed":true},"resource_controller_url":{"type":"string","description":"The URL of the IBM Cloud dashboard that can be used to explore and view details about this cluster","description_kind":"plain","computed":true},"resource_crn":{"type":"string","description":"The crn of the resource","description_kind":"plain","computed":true},"resource_group_id":{"type":"string","description":"ID of the resource group.","description_kind":"plain","optional":true,"computed":true},"resource_group_name":{"type":"string","description":"The resource group name in which resource is provisioned","description_kind":"plain","computed":true},"resource_name":{"type":"string","description":"The name of the resource","description_kind":"plain","computed":true},"resource_status":{"type":"string","description":"The status of the resource","description_kind":"plain","computed":true},"server_url":{"type":"string","description_kind":"plain","computed":true},"space_guid":{"type":"string","description":"The bluemix space guid this cluster belongs to","description_kind":"plain","optional":true},"vlans":{"type":["list",["object",{"id":"string","subnets":["list",["object",{"cidr":"string","id":"string","ips":["list","string"],"is_byoip":"bool","is_public":"bool"}]]}]],"description_kind":"plain","computed":true},"worker_count":{"type":"number","description":"Number of workers","description_kind":"plain","computed":true},"worker_pools":{"type":["list",["object",{"hardware":"string","id":"string","labels":["map","string"],"machine_type":"string","name":"string","size_per_zone":"number","state":"string","zones":["list",["object",{"private_vlan":"string","public_vlan":"string","worker_count":"number","zone":"string"}]]}]],"description_kind":"plain","computed":true},"workers":{"type":["list","string"],"description_kind":"plain","computed":true}},"description_kind":"plain"}},"ibm_container_cluster_config":{"version":0,"block":{"attributes":{"account_guid":{"type":"string","description":"The bluemix account guid this cluster belongs to","description_kind":"plain","optional":true},"admin":{"type":"bool","description":"If set to true will download the config for admin","description_kind":"plain","optional":true},"admin_certificate":{"type":"string","description_kind":"plain","computed":true},"admin_key":{"type":"string","description_kind":"plain","computed":true,"sensitive":true},"ca_certificate":{"type":"string","description_kind":"plain","computed":true},"calico_config_file_path":{"type":"string","description":"The absolute path to the calico network config file ","description_kind":"plain","computed":true},"cluster_name_id":{"type":"string","description":"The name/id of the cluster","description_kind":"plain","required":true},"config_dir":{"type":"string","description":"The directory where the cluster config to be downloaded. Default is home directory ","description_kind":"plain","optional":true,"computed":true},"config_file_path":{"type":"string","description":"The absolute path to the kubernetes config yml file ","description_kind":"plain","computed":true},"download":{"type":"bool","description":"If set to false will not download the config, otherwise they are downloaded each time but onto the same path for a given cluster name/id","description_kind":"plain","optional":true},"host":{"type":"string","description_kind":"plain","computed":true},"id":{"type":"string","description_kind":"plain","optional":true,"computed":true},"network":{"type":"bool","description":"If set to true will download the Calico network config with the Admin config","description_kind":"plain","optional":true},"org_guid":{"type":"string","description":"The bluemix organization guid this cluster belongs to","description_kind":"plain","optional":true},"region":{"type":"string","description":"The cluster region","description_kind":"plain","optional":true},"resource_group_id":{"type":"string","description":"ID of the resource group.","description_kind":"plain","optional":true},"space_guid":{"type":"string","description":"The bluemix space guid this cluster belongs to","description_kind":"plain","optional":true},"token":{"type":"string","description_kind":"plain","computed":true}},"description_kind":"plain"}},"ibm_container_cluster_versions":{"version":0,"block":{"attributes":{"account_guid":{"type":"string","description":"The bluemix account guid this cluster belongs to","description_kind":"plain","optional":true},"id":{"type":"string","description_kind":"plain","optional":true,"computed":true},"org_guid":{"type":"string","description":"The bluemix organization guid this cluster belongs to","description_kind":"plain","optional":true},"region":{"type":"string","description":"The cluster region","description_kind":"plain","optional":true},"resource_group_id":{"type":"string","description":"ID of the resource group.","description_kind":"plain","optional":true},"space_guid":{"type":"string","description":"The bluemix space guid this cluster belongs to","description_kind":"plain","optional":true},"valid_kube_versions":{"type":["list","string"],"description":"List supported kube-versions","description_kind":"plain","computed":true},"valid_openshift_versions":{"type":["list","string"],"description":"List of supported openshift-versions","description_kind":"plain","computed":true}},"description_kind":"plain"}},"ibm_container_cluster_worker":{"version":0,"block":{"attributes":{"account_guid":{"type":"string","description":"The bluemix account guid this cluster belongs to","description_kind":"plain","optional":true},"id":{"type":"string","description_kind":"plain","optional":true,"computed":true},"org_guid":{"type":"string","description":"The bluemix organization guid this cluster belongs to","description_kind":"plain","optional":true},"private_ip":{"type":"string","description_kind":"plain","computed":true},"private_vlan":{"type":"string","description_kind":"plain","computed":true},"public_ip":{"type":"string","description_kind":"plain","computed":true},"public_vlan":{"type":"string","description_kind":"plain","computed":true},"region":{"type":"string","description":"The cluster region","description_kind":"plain","optional":true},"resource_controller_url":{"type":"string","description":"The URL of the IBM Cloud dashboard that can be used to explore and view details about this cluster","description_kind":"plain","computed":true},"resource_group_id":{"type":"string","description":"ID of the resource group.","description_kind":"plain","optional":true},"space_guid":{"type":"string","description":"The bluemix space guid this cluster belongs to","description_kind":"plain","optional":true},"state":{"type":"string","description":"State of the worker","description_kind":"plain","computed":true},"status":{"type":"string","description":"Status of the worker","description_kind":"plain","computed":true},"worker_id":{"type":"string","description":"ID of the worker","description_kind":"plain","required":true}},"description_kind":"plain"}},"ibm_container_vpc_alb":{"version":0,"block":{"attributes":{"alb_id":{"type":"string","description":"ALB ID","description_kind":"plain","required":true},"alb_type":{"type":"string","description_kind":"plain","computed":true},"cluster":{"type":"string","description_kind":"plain","computed":true},"disable_deployment":{"type":"bool","description_kind":"plain","computed":true},"enable":{"type":"bool","description_kind":"plain","computed":true},"id":{"type":"string","description_kind":"plain","optional":true,"computed":true},"load_balancer_hostname":{"type":"string","description_kind":"plain","computed":true},"name":{"type":"string","description_kind":"plain","computed":true},"resize":{"type":"bool","description_kind":"plain","computed":true},"state":{"type":"string","description_kind":"plain","computed":true},"status":{"type":"string","description_kind":"plain","computed":true},"zone":{"type":"string","description_kind":"plain","computed":true}},"description_kind":"plain"}},"ibm_container_vpc_cluster":{"version":0,"block":{"attributes":{"alb_type":{"type":"string","description_kind":"plain","optional":true},"albs":{"type":["list",["object",{"alb_type":"string","disable_deployment":"bool","enable":"bool","id":"string","load_balancer_hostname":"string","name":"string","resize":"bool","state":"string"}]],"description_kind":"plain","computed":true},"cluster_name_id":{"type":"string","description":"Name or id of the cluster","description_kind":"plain","optional":true},"crn":{"type":"string","description":"CRN of resource instance","description_kind":"plain","computed":true},"health":{"type":"string","description_kind":"plain","computed":true},"id":{"type":"string","description_kind":"plain","optional":true,"computed":true},"ingress_hostname":{"type":"string","description_kind":"plain","computed":true},"ingress_secret":{"type":"string","description_kind":"plain","computed":true,"sensitive":true},"kube_version":{"type":"string","description_kind":"plain","computed":true},"master_url":{"type":"string","description_kind":"plain","computed":true},"name":{"type":"string","description":"Name or id of the cluster","description_kind":"plain","optional":true},"private_service_endpoint":{"type":"bool","description_kind":"plain","computed":true},"private_service_endpoint_url":{"type":"string","description_kind":"plain","computed":true},"public_service_endpoint":{"type":"bool","description_kind":"plain","computed":true},"public_service_endpoint_url":{"type":"string","description_kind":"plain","computed":true},"resource_controller_url":{"type":"string","description":"The URL of the IBM Cloud dashboard that can be used to explore and view details about this cluster","description_kind":"plain","computed":true},"resource_crn":{"type":"string","description":"The crn of the resource","description_kind":"plain","computed":true},"resource_group_id":{"type":"string","description":"ID of the resource group.","description_kind":"plain","optional":true,"computed":true},"resource_group_name":{"type":"string","description":"The resource group name in which resource is provisioned","description_kind":"plain","computed":true},"resource_name":{"type":"string","description":"The name of the resource","description_kind":"plain","computed":true},"resource_status":{"type":"string","description":"The status of the resource","description_kind":"plain","computed":true},"status":{"type":"string","description":"The status of the cluster master","description_kind":"plain","computed":true},"tags":{"type":["list","string"],"description_kind":"plain","computed":true},"worker_count":{"type":"number","description":"Number of workers","description_kind":"plain","computed":true},"worker_pools":{"type":["list",["object",{"flavor":"string","id":"string","isolation":"string","labels":["map","string"],"name":"string","state":"string","worker_count":"number","zones":["list",["object",{"subnets":["list",["object",{"id":"string","primary":"bool"}]],"worker_count":"number","zone":"string"}]]}]],"description_kind":"plain","computed":true},"workers":{"type":["list","string"],"description_kind":"plain","computed":true}},"description_kind":"plain"}},"ibm_container_vpc_cluster_alb":{"version":0,"block":{"attributes":{"alb_id":{"type":"string","description":"ALB ID","description_kind":"plain","required":true},"alb_type":{"type":"string","description_kind":"plain","computed":true},"cluster":{"type":"string","description_kind":"plain","computed":true},"disable_deployment":{"type":"bool","description_kind":"plain","computed":true},"enable":{"type":"bool","description_kind":"plain","computed":true},"id":{"type":"string","description_kind":"plain","optional":true,"computed":true},"load_balancer_hostname":{"type":"string","description_kind":"plain","computed":true},"name":{"type":"string","description_kind":"plain","computed":true},"resize":{"type":"bool","description_kind":"plain","computed":true},"state":{"type":"string","description_kind":"plain","computed":true},"status":{"type":"string","description_kind":"plain","computed":true},"zone":{"type":"string","description_kind":"plain","computed":true}},"description_kind":"plain"}},"ibm_container_vpc_cluster_worker":{"version":0,"block":{"attributes":{"cluster_name_id":{"type":"string","description":"Name or ID of the cluster","description_kind":"plain","required":true},"flavor":{"type":"string","description":"flavor of the worker","description_kind":"plain","computed":true},"id":{"type":"string","description_kind":"plain","optional":true,"computed":true},"kube_version":{"type":"string","description":"kube version of the worker","description_kind":"plain","computed":true},"network_interfaces":{"type":["list",["object",{"cidr":"string","ip_address":"string","subnet_id":"string"}]],"description_kind":"plain","computed":true},"pool_id":{"type":"string","description":"worker pool id","description_kind":"plain","computed":true},"pool_name":{"type":"string","description":"worker pool name","description_kind":"plain","computed":true},"resource_controller_url":{"type":"string","description":"The URL of the IBM Cloud dashboard that can be used to explore and view details about this cluster","description_kind":"plain","computed":true},"resource_group_id":{"type":"string","description":"ID of the resource group.","description_kind":"plain","optional":true},"state":{"type":"string","description":"State of the worker","description_kind":"plain","computed":true},"worker_id":{"type":"string","description":"ID of the worker","description_kind":"plain","required":true}},"description_kind":"plain"}},"ibm_container_vpc_cluster_worker_pool":{"version":0,"block":{"attributes":{"cluster":{"type":"string","description":"Cluster name","description_kind":"plain","required":true},"flavor":{"type":"string","description_kind":"plain","computed":true},"id":{"type":"string","description_kind":"plain","optional":true,"computed":true},"isolation":{"type":"string","description_kind":"plain","computed":true},"labels":{"type":["map","string"],"description_kind":"plain","computed":true},"resource_group_id":{"type":"string","description_kind":"plain","computed":true},"vpc_id":{"type":"string","description_kind":"plain","computed":true},"worker_count":{"type":"number","description_kind":"plain","computed":true},"worker_pool_name":{"type":"string","description":"worker pool name","description_kind":"plain","required":true},"zones":{"type":["set",["object",{"name":"string","subnet_id":"string"}]],"description_kind":"plain","computed":true}},"description_kind":"plain"}},"ibm_container_vpc_worker_pool":{"version":0,"block":{"attributes":{"cluster":{"type":"string","description":"Cluster name","description_kind":"plain","required":true},"flavor":{"type":"string","description_kind":"plain","computed":true},"id":{"type":"string","description_kind":"plain","optional":true,"computed":true},"isolation":{"type":"string","description_kind":"plain","computed":true},"labels":{"type":["map","string"],"description_kind":"plain","computed":true},"resource_group_id":{"type":"string","description_kind":"plain","computed":true},"vpc_id":{"type":"string","description_kind":"plain","computed":true},"worker_count":{"type":"number","description_kind":"plain","computed":true},"worker_pool_name":{"type":"string","description":"worker pool name","description_kind":"plain","required":true},"zones":{"type":["set",["object",{"name":"string","subnet_id":"string"}]],"description_kind":"plain","computed":true}},"description_kind":"plain"}},"ibm_container_worker_pool":{"version":0,"block":{"attributes":{"cluster":{"type":"string","description":"Name or ID of the cluster","description_kind":"plain","required":true},"disk_encryption":{"type":"bool","description":"worker node disk encrypted if set to true","description_kind":"plain","computed":true},"hardware":{"type":"string","description":"Hardware type","description_kind":"plain","computed":true},"id":{"type":"string","description_kind":"plain","optional":true,"computed":true},"labels":{"type":["map","string"],"description":"list of labels to worker pool","description_kind":"plain","computed":true},"machine_type":{"type":"string","description":"worker nodes machine type","description_kind":"plain","computed":true},"resource_group_id":{"type":"string","description":"ID of the resource group.","description_kind":"plain","computed":true},"size_per_zone":{"type":"number","description":"Number of nodes per zone","description_kind":"plain","computed":true},"state":{"type":"string","description":"worker pool state","description_kind":"plain","computed":true},"worker_pool_name":{"type":"string","description":"worker pool name","description_kind":"plain","required":true},"zones":{"type":["list",["object",{"private_vlan":"string","public_vlan":"string","worker_count":"number","zone":"string"}]],"description":"worker pool zones","description_kind":"plain","computed":true}},"description_kind":"plain"}},"ibm_cos_bucket":{"version":0,"block":{"attributes":{"activity_tracking":{"type":["list",["object",{"activity_tracker_crn":"string","read_data_events":"bool","write_data_events":"bool"}]],"description_kind":"plain","computed":true},"allowed_ip":{"type":["list","string"],"description":"List of IPv4 or IPv6 addresses ","description_kind":"plain","computed":true},"bucket_name":{"type":"string","description_kind":"plain","required":true},"bucket_region":{"type":"string","description_kind":"plain","required":true},"bucket_type":{"type":"string","description_kind":"plain","required":true},"crn":{"type":"string","description":"CRN of resource instance","description_kind":"plain","computed":true},"cross_region_location":{"type":"string","description_kind":"plain","computed":true},"id":{"type":"string","description_kind":"plain","optional":true,"computed":true},"key_protect":{"type":"string","description":"CRN of the key you want to use data at rest encryption","description_kind":"plain","computed":true},"metrics_monitoring":{"type":["list",["object",{"metrics_monitoring_crn":"string","usage_metrics_enabled":"bool"}]],"description_kind":"plain","computed":true},"region_location":{"type":"string","description_kind":"plain","computed":true},"resource_instance_id":{"type":"string","description_kind":"plain","required":true},"s3_endpoint_private":{"type":"string","description":"Private endpoint for the COS bucket","description_kind":"plain","computed":true},"s3_endpoint_public":{"type":"string","description":"Public endpoint for the COS bucket","description_kind":"plain","computed":true},"single_site_location":{"type":"string","description_kind":"plain","computed":true},"storage_class":{"type":"string","description_kind":"plain","computed":true}},"description_kind":"plain"}},"ibm_database":{"version":0,"block":{"attributes":{"adminpassword":{"type":"string","description":"The admin user id for the instance","description_kind":"plain","computed":true,"sensitive":true},"adminuser":{"type":"string","description":"The admin user id for the instance","description_kind":"plain","computed":true},"auto_scaling":{"type":["list",["object",{"cpu":["list",["object",{"rate_increase_percent":"number","rate_limit_count_per_member":"number","rate_limit_mb_per_member":"number","rate_period_seconds":"number","rate_units":"string"}]],"disk":["list",["object",{"capacity_enabled":"bool","free_space_less_than_percent":"number","free_space_remaining_percent":"number","io_above_percent":"number","io_enabled":"bool","io_over_period":"string","rate_increase_percent":"number","rate_limit_count_per_member":"number","rate_limit_mb_per_member":"number","rate_period_seconds":"number","rate_units":"string"}]],"memory":["list",["object",{"io_above_percent":"number","io_enabled":"bool","io_over_period":"string","rate_increase_percent":"number","rate_limit_count_per_member":"number","rate_limit_mb_per_member":"number","rate_period_seconds":"number","rate_units":"string"}]]}]],"description":"ICD Auto Scaling","description_kind":"plain","computed":true},"connectionstrings":{"type":["list",["object",{"certbase64":"string","certname":"string","composed":"string","database":"string","hosts":["list",["object",{"hostname":"string","port":"string"}]],"name":"string","password":"string","path":"string","queryoptions":"string","scheme":"string"}]],"description_kind":"plain","computed":true},"groups":{"type":["list",["object",{"count":"number","cpu":["list",["object",{"allocation_count":"number","can_scale_down":"bool","is_adjustable":"bool","minimum_count":"number","step_size_count":"number","units":"string"}]],"disk":["list",["object",{"allocation_mb":"number","can_scale_down":"bool","is_adjustable":"bool","minimum_mb":"number","step_size_mb":"number","units":"string"}]],"group_id":"string","memory":["list",["object",{"allocation_mb":"number","can_scale_down":"bool","is_adjustable":"bool","minimum_mb":"number","step_size_mb":"number","units":"string"}]]}]],"description_kind":"plain","computed":true},"guid":{"type":"string","description":"Unique identifier of resource instance","description_kind":"plain","computed":true},"id":{"type":"string","description_kind":"plain","optional":true,"computed":true},"location":{"type":"string","description":"The location or the region in which the Database instance exists","description_kind":"plain","optional":true},"members_disk_allocation_mb":{"type":"number","description":"Disk allocation required for cluster","description_kind":"plain","computed":true},"members_memory_allocation_mb":{"type":"number","description":"Memory allocation required for cluster","description_kind":"plain","computed":true},"name":{"type":"string","description":"Resource instance name for example, my Database instance","description_kind":"plain","required":true},"plan":{"type":"string","description":"The plan type of the Database instance","description_kind":"plain","computed":true},"platform_options":{"type":["map","string"],"description":"Platform-specific options for this deployment.r","description_kind":"plain","computed":true},"resource_controller_url":{"type":"string","description":"The URL of the IBM Cloud dashboard that can be used to explore and view details about the resource","description_kind":"plain","computed":true},"resource_crn":{"type":"string","description":"The crn of the resource","description_kind":"plain","computed":true},"resource_group_id":{"type":"string","description":"The id of the resource group in which the Database instance is present","description_kind":"plain","optional":true},"resource_group_name":{"type":"string","description":"The resource group name in which resource is provisioned","description_kind":"plain","computed":true},"resource_name":{"type":"string","description":"The name of the resource","description_kind":"plain","computed":true},"resource_status":{"type":"string","description":"The status of the resource","description_kind":"plain","computed":true},"service":{"type":"string","description":"The name of the Cloud Internet database service","description_kind":"plain","optional":true},"status":{"type":"string","description":"The resource instance status","description_kind":"plain","computed":true},"tags":{"type":["set","string"],"description_kind":"plain","optional":true},"users":{"type":["set",["object",{"name":"string","password":"string"}]],"description_kind":"plain","computed":true},"version":{"type":"string","description":"The database version to provision if specified","description_kind":"plain","computed":true},"whitelist":{"type":["set",["object",{"address":"string","description":"string"}]],"description_kind":"plain","computed":true}},"description_kind":"plain"}},"ibm_dl_gateway":{"version":0,"block":{"attributes":{"bgp_asn":{"type":"number","description":"BGP ASN","description_kind":"plain","computed":true},"bgp_base_cidr":{"type":"string","description":"BGP base CIDR","description_kind":"plain","computed":true},"bgp_cer_cidr":{"type":"string","description":"BGP customer edge router CIDR","description_kind":"plain","computed":true},"bgp_ibm_asn":{"type":"number","description":"IBM BGP ASN","description_kind":"plain","computed":true},"bgp_ibm_cidr":{"type":"string","description":"BGP IBM CIDR","description_kind":"plain","computed":true},"bgp_status":{"type":"string","description":"Gateway BGP status","description_kind":"plain","computed":true},"completion_notice_reject_reason":{"type":"string","description":"Reason for completion notice rejection","description_kind":"plain","computed":true},"created_at":{"type":"string","description":"The date and time resource was created","description_kind":"plain","computed":true},"crn":{"type":"string","description":"The CRN (Cloud Resource Name) of this gateway","description_kind":"plain","computed":true},"cross_connect_router":{"type":"string","description":"Cross connect router","description_kind":"plain","computed":true},"gateway_vcs":{"type":["list",["object",{"created_at":"string","id":"string","name":"string","network_account":"string","network_id":"string","status":"string","type":"string"}]],"description":"Collection of direct link gateway virtual connections","description_kind":"plain","computed":true},"global":{"type":"bool","description":"Gateways with global routing (true) can connect to networks outside their associated region","description_kind":"plain","computed":true},"id":{"type":"string","description_kind":"plain","optional":true,"computed":true},"link_status":{"type":"string","description":"Gateway link status","description_kind":"plain","computed":true},"location_display_name":{"type":"string","description":"Gateway location long name","description_kind":"plain","computed":true},"location_name":{"type":"string","description":"Gateway location","description_kind":"plain","computed":true},"metered":{"type":"bool","description":"Metered billing option","description_kind":"plain","computed":true},"name":{"type":"string","description":"The unique user-defined name for this gateway","description_kind":"plain","required":true},"operational_status":{"type":"string","description":"Gateway operational status","description_kind":"plain","computed":true},"port":{"type":"string","description":"Gateway port","description_kind":"plain","computed":true},"provider_api_managed":{"type":"bool","description":"Indicates whether gateway was created through a provider portal","description_kind":"plain","computed":true},"resource_group":{"type":"string","description":"Gateway resource group","description_kind":"plain","computed":true},"speed_mbps":{"type":"number","description":"Gateway speed in megabits per second","description_kind":"plain","computed":true},"type":{"type":"string","description":"Gateway type","description_kind":"plain","computed":true},"vlan":{"type":"number","description":"VLAN allocated for this gateway","description_kind":"plain","computed":true}},"description_kind":"plain"}},"ibm_dl_gateways":{"version":0,"block":{"attributes":{"gateways":{"type":["list",["object",{"bgp_asn":"number","bgp_base_cidr":"string","bgp_cer_cidr":"string","bgp_ibm_asn":"number","bgp_ibm_cidr":"string","bgp_status":"string","completion_notice_reject_reason":"string","created_at":"string","crn":"string","cross_connect_router":"string","global":"bool","id":"string","link_status":"string","location_display_name":"string","location_name":"string","metered":"bool","name":"string","operational_status":"string","port":"string","provider_api_managed":"bool","resource_group":"string","speed_mbps":"number","type":"string","vlan":"number"}]],"description":"Collection of direct link gateways","description_kind":"plain","computed":true},"id":{"type":"string","description_kind":"plain","optional":true,"computed":true}},"description_kind":"plain"}},"ibm_dl_locations":{"version":0,"block":{"attributes":{"id":{"type":"string","description_kind":"plain","optional":true,"computed":true},"locations":{"type":["list",["object",{"billing_location":"string","building_colocation_owner":"string","display_name":"string","location_type":"string","market":"string","market_geography":"string","mzr":"bool","name":"string","offering_type":"string","vpc_region":"string"}]],"description":"Collection of valid locations for the specified Direct Link offering.","description_kind":"plain","computed":true},"offering_type":{"type":"string","description":"The Direct Link offering type. Current supported values (dedicated and connect).","description_kind":"plain","required":true}},"description_kind":"plain"}},"ibm_dl_offering_speeds":{"version":0,"block":{"attributes":{"id":{"type":"string","description_kind":"plain","optional":true,"computed":true},"offering_speeds":{"type":["list",["object",{"link_speed":"number"}]],"description":"Collection of direct link speeds","description_kind":"plain","computed":true},"offering_type":{"type":"string","description":"The Direct Link offering type","description_kind":"plain","required":true}},"description_kind":"plain"}},"ibm_dl_port":{"version":0,"block":{"attributes":{"direct_link_count":{"type":"number","description":"Count of existing Direct Link gateways in this account on this port","description_kind":"plain","computed":true},"id":{"type":"string","description_kind":"plain","optional":true,"computed":true},"label":{"type":"string","description":"Port Label","description_kind":"plain","computed":true},"location_display_name":{"type":"string","description":"Port location long name","description_kind":"plain","computed":true},"location_name":{"type":"string","description":"Port location name identifier","description_kind":"plain","computed":true},"port_id":{"type":"string","description":"Port ID","description_kind":"plain","required":true},"provider_name":{"type":"string","description":"Port's provider name","description_kind":"plain","computed":true},"supported_link_speeds":{"type":["list","number"],"description":"Port's supported speeds in megabits per second","description_kind":"plain","computed":true}},"description_kind":"plain"}},"ibm_dl_ports":{"version":0,"block":{"attributes":{"id":{"type":"string","description_kind":"plain","optional":true,"computed":true},"ports":{"type":["list",["object",{"direct_link_count":"number","label":"string","location_display_name":"string","location_name":"string","port_id":"string","provider_name":"string","supported_link_speeds":["list","number"]}]],"description":"Collection of direct link ports","description_kind":"plain","computed":true}},"description_kind":"plain"}},"ibm_dl_routers":{"version":0,"block":{"attributes":{"cross_connect_routers":{"type":["list",["object",{"router_name":"string","total_connections":"number"}]],"description":"Collection of Direct Link cross connect routers","description_kind":"plain","computed":true},"id":{"type":"string","description_kind":"plain","optional":true,"computed":true},"location_name":{"type":"string","description":"The name of the Direct Link location","description_kind":"plain","required":true},"offering_type":{"type":"string","description":"The Direct Link offering type","description_kind":"plain","required":true}},"description_kind":"plain"}},"ibm_dns_domain":{"version":0,"block":{"attributes":{"id":{"type":"number","description":"A domain record's internal identifier","description_kind":"plain","computed":true},"name":{"type":"string","description":"The name of the domain","description_kind":"plain","required":true}},"description_kind":"plain"}},"ibm_dns_domain_registration":{"version":0,"block":{"attributes":{"id":{"type":"number","description":"A domain registration record's internal identifier","description_kind":"plain","computed":true},"name":{"type":"string","description":"The name of the domain registration","description_kind":"plain","required":true},"name_servers":{"type":["list","string"],"description":"Custom name servers for the domain registration","description_kind":"plain","computed":true}},"description_kind":"plain"}},"ibm_dns_permitted_networks":{"version":0,"block":{"attributes":{"dns_permitted_networks":{"type":["list",["object",{"created_on":"string","instance_id":"string","modified_on":"string","permitted_network":["map","string"],"permitted_network_id":"string","state":"string","type":"string","zone_id":"string"}]],"description":"Collection of permitted networks","description_kind":"plain","computed":true},"id":{"type":"string","description_kind":"plain","optional":true,"computed":true},"instance_id":{"type":"string","description":"Instance ID","description_kind":"plain","required":true},"zone_id":{"type":"string","description":"Zone ID","description_kind":"plain","required":true}},"description_kind":"plain"}},"ibm_dns_resource_records":{"version":0,"block":{"attributes":{"dns_resource_records":{"type":["list",["object",{"id":"string","name":"string","rdata":"string","ttl":"number","type":"string"}]],"description":"Collection of dns resource records","description_kind":"plain","computed":true},"id":{"type":"string","description_kind":"plain","optional":true,"computed":true},"instance_id":{"type":"string","description":"Instance ID","description_kind":"plain","required":true},"zone_id":{"type":"string","description":"Zone Id","description_kind":"plain","required":true}},"description_kind":"plain"}},"ibm_dns_secondary":{"version":0,"block":{"attributes":{"id":{"type":"string","description_kind":"plain","optional":true,"computed":true},"master_ip_address":{"type":"string","description_kind":"plain","computed":true},"status_id":{"type":"number","description_kind":"plain","computed":true},"status_text":{"type":"string","description_kind":"plain","computed":true},"transfer_frequency":{"type":"number","description_kind":"plain","computed":true},"zone_name":{"type":"string","description":"The name of the secondary","description_kind":"plain","required":true}},"description_kind":"plain"}},"ibm_dns_zones":{"version":0,"block":{"attributes":{"dns_zones":{"type":["list",["object",{"created_on":"string","description":"string","instance_id":"string","label":"string","modified_on":"string","name":"string","state":"string","zone_id":"string"}]],"description":"Collection of dns zones","description_kind":"plain","computed":true},"id":{"type":"string","description_kind":"plain","optional":true,"computed":true},"instance_id":{"type":"string","description":"Instance ID","description_kind":"plain","required":true}},"description_kind":"plain"}},"ibm_event_streams_topic":{"version":0,"block":{"attributes":{"config":{"type":["map","string"],"description":"The configuration parameters of the topic.","description_kind":"plain","computed":true},"id":{"type":"string","description_kind":"plain","optional":true,"computed":true},"kafka_brokers_sasl":{"type":["list","string"],"description":"Kafka brokers addresses for interacting with Kafka native API","description_kind":"plain","computed":true},"kafka_http_url":{"type":"string","description":"The API endpoint for interacting with Event Streams REST API","description_kind":"plain","computed":true},"name":{"type":"string","description":"The name of the topic","description_kind":"plain","required":true},"partitions":{"type":"number","description":"The number of partitions of the topic","description_kind":"plain","computed":true},"resource_instance_id":{"type":"string","description":"The CRN of the Event Streams instance","description_kind":"plain","required":true}},"description_kind":"plain"}},"ibm_function_action":{"version":0,"block":{"attributes":{"action_id":{"type":"string","description_kind":"plain","computed":true},"annotations":{"type":"string","description":"All annotations set on action by user and those set by the IBM Cloud Function backend/API.","description_kind":"plain","computed":true},"exec":{"type":["list",["object",{"code":"string","components":["list","string"],"image":"string","init":"string","kind":"string","main":"string"}]],"description_kind":"plain","computed":true},"id":{"type":"string","description_kind":"plain","optional":true,"computed":true},"limits":{"type":["list",["object",{"log_size":"number","memory":"number","timeout":"number"}]],"description_kind":"plain","computed":true},"name":{"type":"string","description":"Name of action.","description_kind":"plain","required":true},"namespace":{"type":"string","description":"Name of the namespace.","description_kind":"plain","required":true},"parameters":{"type":"string","description":"All paramters set on action by user and those set by the IBM Cloud Function backend/API.","description_kind":"plain","computed":true},"publish":{"type":"bool","description":"Action visibilty.","description_kind":"plain","computed":true},"target_endpoint_url":{"type":"string","description":"Action target endpoint URL.","description_kind":"plain","computed":true},"version":{"type":"string","description":"Semantic version of the item.","description_kind":"plain","computed":true}},"description_kind":"plain"}},"ibm_function_namespace":{"version":0,"block":{"attributes":{"description":{"type":"string","description":"Namespace Description.","description_kind":"plain","computed":true},"id":{"type":"string","description_kind":"plain","optional":true,"computed":true},"location":{"type":"string","description":"Namespace Location.","description_kind":"plain","computed":true},"name":{"type":"string","description":"Name of namespace.","description_kind":"plain","required":true},"resource_group_id":{"type":"string","description":"Resource Group ID.","description_kind":"plain","computed":true}},"description_kind":"plain"}},"ibm_function_package":{"version":0,"block":{"attributes":{"annotations":{"type":"string","description":"All annotations set on package by user and those set by the IBM Cloud Function backend/API.","description_kind":"plain","computed":true},"bind_package_name":{"type":"string","description":"Name of binded package.","description_kind":"plain","computed":true},"id":{"type":"string","description_kind":"plain","optional":true,"computed":true},"name":{"type":"string","description":"Name of the package.","description_kind":"plain","required":true},"namespace":{"type":"string","description":"Name of the namespace.","description_kind":"plain","required":true},"package_id":{"type":"string","description_kind":"plain","computed":true},"parameters":{"type":"string","description":"All parameters set on package by user and those set by the IBM Cloud Function backend/API.","description_kind":"plain","computed":true},"publish":{"type":"bool","description":"Package Visibility.","description_kind":"plain","computed":true},"version":{"type":"string","description":"Semantic version of the package.","description_kind":"plain","computed":true}},"description_kind":"plain"}},"ibm_function_rule":{"version":0,"block":{"attributes":{"action_name":{"type":"string","description":"Name of an action.","description_kind":"plain","computed":true},"id":{"type":"string","description_kind":"plain","optional":true,"computed":true},"name":{"type":"string","description":"Name of the rule.","description_kind":"plain","required":true},"namespace":{"type":"string","description":"Name of the namespace.","description_kind":"plain","required":true},"publish":{"type":"bool","description":"Rule Visibility.","description_kind":"plain","computed":true},"rule_id":{"type":"string","description_kind":"plain","computed":true},"status":{"type":"string","description":"Status of the rule.","description_kind":"plain","computed":true},"trigger_name":{"type":"string","description":"Name of the trigger.","description_kind":"plain","computed":true},"version":{"type":"string","description":"Semantic version of the rule","description_kind":"plain","computed":true}},"description_kind":"plain"}},"ibm_function_trigger":{"version":0,"block":{"attributes":{"annotations":{"type":"string","description":"All annotations set on trigger by user and those set by the IBM Cloud Function backend/API.","description_kind":"plain","computed":true},"id":{"type":"string","description_kind":"plain","optional":true,"computed":true},"name":{"type":"string","description":"Name of Trigger.","description_kind":"plain","required":true},"namespace":{"type":"string","description":"Name of the namespace.","description_kind":"plain","required":true},"parameters":{"type":"string","description":"All parameters set on trigger by user and those set by the IBM Cloud Function backend/API.","description_kind":"plain","computed":true},"publish":{"type":"bool","description":"Trigger Visibility.","description_kind":"plain","computed":true},"trigger_id":{"type":"string","description_kind":"plain","computed":true},"version":{"type":"string","description":"Semantic version of the trigger.","description_kind":"plain","computed":true}},"description_kind":"plain"}},"ibm_iam_access_group":{"version":0,"block":{"attributes":{"access_group_name":{"type":"string","description":"Name of the access group","description_kind":"plain","optional":true},"groups":{"type":["list",["object",{"description":"string","iam_service_ids":["list","string"],"ibm_ids":["list","string"],"id":"string","name":"string","rules":["list",["object",{"conditions":["list",["object",{"claim":"string","operator":"string","value":"string"}]],"expiration":"number","identity_provider":"string","name":"string","rule_id":"string"}]]}]],"description_kind":"plain","computed":true},"id":{"type":"string","description_kind":"plain","optional":true,"computed":true}},"description_kind":"plain"}},"ibm_iam_auth_token":{"version":0,"block":{"attributes":{"iam_access_token":{"type":"string","description_kind":"plain","computed":true},"iam_refresh_token":{"type":"string","description_kind":"plain","computed":true},"id":{"type":"string","description_kind":"plain","optional":true,"computed":true},"uaa_access_token":{"type":"string","description_kind":"plain","computed":true},"uaa_refresh_token":{"type":"string","description_kind":"plain","computed":true}},"description_kind":"plain"}},"ibm_iam_role_actions":{"version":0,"block":{"attributes":{"id":{"type":"string","description_kind":"plain","optional":true,"computed":true},"manager":{"type":["list","string"],"description":"manager action ids","description_kind":"plain","computed":true},"reader":{"type":["list","string"],"description":"Reader action ids","description_kind":"plain","computed":true},"reader_plus":{"type":["list","string"],"description":"readerplus action ids","description_kind":"plain","computed":true},"service":{"type":"string","description":"The Service Name","description_kind":"plain","required":true},"writer":{"type":["list","string"],"description":"writer action ids","description_kind":"plain","computed":true}},"description_kind":"plain"}},"ibm_iam_roles":{"version":0,"block":{"attributes":{"id":{"type":"string","description_kind":"plain","optional":true,"computed":true},"roles":{"type":["list",["object",{"description":"string","name":"string","type":"string"}]],"description_kind":"plain","computed":true},"service":{"type":"string","description":"The Service Name","description_kind":"plain","optional":true}},"description_kind":"plain"}},"ibm_iam_service_id":{"version":0,"block":{"attributes":{"id":{"type":"string","description_kind":"plain","optional":true,"computed":true},"name":{"type":"string","description":"Name of the serviceID","description_kind":"plain","required":true},"service_ids":{"type":["list",["object",{"bound_to":"string","crn":"string","description":"string","id":"string","locked":"bool","version":"string"}]],"description_kind":"plain","computed":true}},"description_kind":"plain"}},"ibm_iam_service_policy":{"version":0,"block":{"attributes":{"iam_service_id":{"type":"string","description":"UUID of ServiceID","description_kind":"plain","required":true},"id":{"type":"string","description_kind":"plain","optional":true,"computed":true},"policies":{"type":["list",["object",{"id":"string","resources":["list",["object",{"region":"string","resource":"string","resource_group_id":"string","resource_instance_id":"string","resource_type":"string","service":"string"}]],"roles":["list","string"]}]],"description_kind":"plain","computed":true}},"description_kind":"plain"}},"ibm_iam_user_policy":{"version":0,"block":{"attributes":{"ibm_id":{"type":"string","description":"The ibm id or email of user","description_kind":"plain","required":true},"id":{"type":"string","description_kind":"plain","optional":true,"computed":true},"policies":{"type":["list",["object",{"id":"string","resources":["list",["object",{"region":"string","resource":"string","resource_group_id":"string","resource_instance_id":"string","resource_type":"string","service":"string"}]],"roles":["list","string"]}]],"description_kind":"plain","computed":true}},"description_kind":"plain"}},"ibm_iam_user_profile":{"version":0,"block":{"attributes":{"account_id":{"type":"string","description":"An alphanumeric value identifying the account ID. ","description_kind":"plain","computed":true},"allowed_ip_addresses":{"type":["list","string"],"description":"List of allowed IPv4 or IPv6 addresses ","description_kind":"plain","computed":true},"altphonenumber":{"type":"string","description":"The alternative phone number of the user. ","description_kind":"plain","computed":true},"email":{"type":"string","description":"The email of the user. ","description_kind":"plain","computed":true},"firstname":{"type":"string","description":"The first name of the user. ","description_kind":"plain","computed":true},"iam_id":{"type":"string","description":"User's IAM ID or or email of user","description_kind":"plain","required":true},"id":{"type":"string","description_kind":"plain","optional":true,"computed":true},"lastname":{"type":"string","description":"The last name of the user. ","description_kind":"plain","computed":true},"phonenumber":{"type":"string","description":"The phone for the user.","description_kind":"plain","computed":true},"state":{"type":"string","description":"The state of the user. Possible values are PROCESSING, PENDING, ACTIVE, DISABLED_CLASSIC_INFRASTRUCTURE, and VPN_ONLY. ","description_kind":"plain","computed":true},"user_id":{"type":"string","description":"The user ID used for login. ","description_kind":"plain","computed":true}},"description_kind":"plain"}},"ibm_iam_users":{"version":0,"block":{"attributes":{"id":{"type":"string","description_kind":"plain","optional":true,"computed":true},"users":{"type":["list",["object",{"account_id":"string","alt_phonenumber":"string","email":"string","first_name":"string","iam_id":"string","last_name":"string","phonenumber":"string","realm":"string","state":"string","user_id":"string"}]],"description":"User's Profiles","description_kind":"plain","computed":true}},"description_kind":"plain"}},"ibm_is_floating_ip":{"version":0,"block":{"attributes":{"address":{"type":"string","description":"Floating IP address","description_kind":"plain","computed":true},"id":{"type":"string","description_kind":"plain","optional":true,"computed":true},"name":{"type":"string","description":"Name of the floating IP","description_kind":"plain","required":true},"status":{"type":"string","description":"Floating IP status","description_kind":"plain","computed":true},"tags":{"type":["set","string"],"description":"Floating IP tags","description_kind":"plain","computed":true},"target":{"type":"string","description":"Target info","description_kind":"plain","computed":true},"zone":{"type":"string","description":"Zone name","description_kind":"plain","computed":true}},"description_kind":"plain"}},"ibm_is_flow_logs":{"version":0,"block":{"attributes":{"flow_log_collectors":{"type":["list",["object",{"active":"bool","created_at":"string","crn":"string","href":"string","id":"string","lifecycle_state":"string","name":"string","resource_group":"string","storage_bucket":"string","target":"string","vpc":"string"}]],"description":"Collection of flow log collectors","description_kind":"plain","computed":true},"id":{"type":"string","description_kind":"plain","optional":true,"computed":true}},"description_kind":"plain"}},"ibm_is_image":{"version":0,"block":{"attributes":{"architecture":{"type":"string","description_kind":"plain","computed":true},"crn":{"type":"string","description_kind":"plain","computed":true},"id":{"type":"string","description_kind":"plain","optional":true,"computed":true},"name":{"type":"string","description_kind":"plain","required":true},"os":{"type":"string","description_kind":"plain","computed":true},"status":{"type":"string","description_kind":"plain","computed":true},"visibility":{"type":"string","description_kind":"plain","optional":true}},"description_kind":"plain"}},"ibm_is_images":{"version":0,"block":{"attributes":{"id":{"type":"string","description_kind":"plain","optional":true,"computed":true},"images":{"type":["list",["object",{"architecture":"string","crn":"string","id":"string","name":"string","os":"string","status":"string","visibility":"string"}]],"description":"List of images","description_kind":"plain","computed":true}},"description_kind":"plain"}},"ibm_is_instance":{"version":0,"block":{"attributes":{"boot_volume":{"type":["list",["object",{"device":"string","id":"string","name":"string","volume_crn":"string","volume_id":"string","volume_name":"string"}]],"description":"Instance Boot Volume","description_kind":"plain","computed":true},"gpu":{"type":["list",["object",{"cores":"number","count":"number","manufacturer":"string","memory":"number","model":"string"}]],"description":"Instance GPU","description_kind":"plain","computed":true},"id":{"type":"string","description_kind":"plain","optional":true,"computed":true},"image":{"type":"string","description":"Instance Image","description_kind":"plain","computed":true},"keys":{"type":["list",["object",{"id":"string","name":"string"}]],"description":"Instance keys","description_kind":"plain","computed":true},"memory":{"type":"number","description":"Instance memory","description_kind":"plain","computed":true},"name":{"type":"string","description":"Instance name","description_kind":"plain","required":true},"network_interfaces":{"type":["list",["object",{"id":"string","name":"string","primary_ipv4_address":"string","security_groups":["set","string"],"subnet":"string"}]],"description":"Instance Network interface info","description_kind":"plain","computed":true},"passphrase":{"type":"string","description":"Passphrase for Instance Private Key file","description_kind":"plain","optional":true},"password":{"type":"string","description":"password for Windows Instance","description_kind":"plain","computed":true,"sensitive":true},"primary_network_interface":{"type":["list",["object",{"id":"string","name":"string","port_speed":"number","primary_ipv4_address":"string","security_groups":["set","string"],"subnet":"string"}]],"description":"Primary Network interface info","description_kind":"plain","computed":true},"private_key":{"type":"string","description":"Instance Private Key file","description_kind":"plain","optional":true},"profile":{"type":"string","description":"Profile info","description_kind":"plain","computed":true},"resource_controller_url":{"type":"string","description":"The URL of the IBM Cloud dashboard that can be used to explore and view details about this instance","description_kind":"plain","computed":true},"resource_crn":{"type":"string","description":"The crn of the resource","description_kind":"plain","computed":true},"resource_group":{"type":"string","description":"Instance resource group","description_kind":"plain","computed":true},"resource_group_name":{"type":"string","description":"The resource group name in which resource is provisioned","description_kind":"plain","computed":true},"resource_name":{"type":"string","description":"The name of the resource","description_kind":"plain","computed":true},"resource_status":{"type":"string","description":"The status of the resource","description_kind":"plain","computed":true},"status":{"type":"string","description":"instance status","description_kind":"plain","computed":true},"tags":{"type":["set","string"],"description":"list of tags for the instance","description_kind":"plain","computed":true},"vcpu":{"type":["list",["object",{"architecture":"string","count":"number"}]],"description":"Instance vCPU","description_kind":"plain","computed":true},"volume_attachments":{"type":["list",["object",{"id":"string","name":"string","volume_crn":"string","volume_id":"string","volume_name":"string"}]],"description":"Instance Volume Attachments","description_kind":"plain","computed":true},"volumes":{"type":["set","string"],"description":"List of volumes","description_kind":"plain","computed":true},"vpc":{"type":"string","description":"VPC id","description_kind":"plain","computed":true},"zone":{"type":"string","description":"Zone name","description_kind":"plain","computed":true}},"description_kind":"plain"}},"ibm_is_instance_group":{"version":0,"block":{"attributes":{"application_port":{"type":"number","description":"Used by the instance group when scaling up instances to supply the port for the load balancer pool member.","description_kind":"plain","computed":true},"id":{"type":"string","description_kind":"plain","optional":true,"computed":true},"instance_template":{"type":"string","description":"instance template ID","description_kind":"plain","computed":true},"load_balancer_pool":{"type":"string","description":"load balancer pool ID","description_kind":"plain","computed":true},"managers":{"type":["list","string"],"description":"list of Managers associated with instancegroup","description_kind":"plain","computed":true},"membership_count":{"type":"number","description":"The number of instances in the instance group","description_kind":"plain","computed":true},"name":{"type":"string","description":"The user-defined name for this instance group","description_kind":"plain","required":true},"resource_group":{"type":"number","description":"Resource group ID","description_kind":"plain","computed":true},"status":{"type":"string","description":"Instance group status - deleting, healthy, scaling, unhealthy","description_kind":"plain","computed":true},"subnets":{"type":["list","string"],"description":"list of subnet IDs","description_kind":"plain","computed":true},"vpc":{"type":"string","description":"vpc instance","description_kind":"plain","computed":true}},"description_kind":"plain"}},"ibm_is_instance_group_manager":{"version":0,"block":{"attributes":{"aggregation_window":{"type":"number","description":"The time window in seconds to aggregate metrics prior to evaluation","description_kind":"plain","computed":true},"cooldown":{"type":"number","description":"The duration of time in seconds to pause further scale actions after scaling has taken place","description_kind":"plain","computed":true},"id":{"type":"string","description_kind":"plain","optional":true,"computed":true},"instance_group":{"type":"string","description":"instance group ID","description_kind":"plain","required":true},"manager_id":{"type":"string","description":"The ID of instance group manager.","description_kind":"plain","computed":true},"manager_type":{"type":"string","description":"The type of instance group manager.","description_kind":"plain","computed":true},"max_membership_count":{"type":"number","description":"The maximum number of members in a managed instance group","description_kind":"plain","computed":true},"min_membership_count":{"type":"number","description":"The minimum number of members in a managed instance group","description_kind":"plain","computed":true},"name":{"type":"string","description":"Name of the instance group manager.","description_kind":"plain","required":true},"policies":{"type":["list","string"],"description":"list of Policies associated with instancegroup manager","description_kind":"plain","computed":true}},"description_kind":"plain"}},"ibm_is_instance_group_manager_policies":{"version":0,"block":{"attributes":{"id":{"type":"string","description_kind":"plain","optional":true,"computed":true},"instance_group":{"type":"string","description":"instance group ID","description_kind":"plain","required":true},"instance_group_manager":{"type":"string","description":"Instance group manager ID","description_kind":"plain","required":true},"instance_group_manager_policies":{"type":["list",["object",{"id":"string","metric_type":"string","metric_value":"number","name":"string","policy_id":"string","policy_type":"string"}]],"description":"List of instance group manager policies","description_kind":"plain","computed":true}},"description_kind":"plain"}},"ibm_is_instance_group_manager_policy":{"version":0,"block":{"attributes":{"id":{"type":"string","description_kind":"plain","optional":true,"computed":true},"instance_group":{"type":"string","description":"instance group ID","description_kind":"plain","required":true},"instance_group_manager":{"type":"string","description":"Instance group manager ID","description_kind":"plain","required":true},"metric_type":{"type":"string","description":"The type of metric to be evaluated","description_kind":"plain","computed":true},"metric_value":{"type":"number","description":"The metric value to be evaluated","description_kind":"plain","computed":true},"name":{"type":"string","description":"The name of the instance group manager policy","description_kind":"plain","required":true},"policy_id":{"type":"string","description":"The policy ID","description_kind":"plain","computed":true},"policy_type":{"type":"string","description":"The type of Policy for the Instance Group","description_kind":"plain","computed":true}},"description_kind":"plain"}},"ibm_is_instance_group_managers":{"version":0,"block":{"attributes":{"id":{"type":"string","description_kind":"plain","optional":true,"computed":true},"instance_group":{"type":"string","description":"instance group ID","description_kind":"plain","required":true},"instance_group_managers":{"type":["list",["object",{"aggregation_window":"number","cooldown":"number","id":"string","manager_id":"string","manager_type":"string","max_membership_count":"number","min_membership_count":"number","name":"string","policies":["list","string"]}]],"description":"List of instance group managers","description_kind":"plain","computed":true}},"description_kind":"plain"}},"ibm_is_instance_profile":{"version":0,"block":{"attributes":{"family":{"type":"string","description_kind":"plain","computed":true},"id":{"type":"string","description_kind":"plain","optional":true,"computed":true},"name":{"type":"string","description_kind":"plain","required":true}},"description_kind":"plain"}},"ibm_is_instance_profiles":{"version":0,"block":{"attributes":{"id":{"type":"string","description_kind":"plain","optional":true,"computed":true},"profiles":{"type":["list",["object",{"family":"string","name":"string"}]],"description":"List of instance profile maps","description_kind":"plain","computed":true}},"description_kind":"plain"}},"ibm_is_instance_templates":{"version":0,"block":{"attributes":{"id":{"type":"string","description_kind":"plain","optional":true,"computed":true},"templates":{"type":["list",["object",{"boot_volume_attachment":["list",["object",{"delete_volume_on_instance_delete":"bool","name":"string","volume":"string"}]],"crn":"string","href":"string","id":"string","image":"string","keys":["list","string"],"name":"string","network_interfaces":["list",["object",{"name":"string","primary_ipv4_address":"string","security_groups":["set","string"],"subnet":"string"}]],"primary_network_interface":["list",["object",{"name":"string","primary_ipv4_address":"string","security_groups":["set","string"],"subnet":"string"}]],"profile":"string","resource_group":"string","user_data":"string","volume_attachments":["list",["object",{"delete_volume_on_instance_delete":"bool","name":"string","volume":"string"}]],"vpc":"string","zone":"string"}]],"description":"Collection of instance templates","description_kind":"plain","computed":true}},"description_kind":"plain"}},"ibm_is_instances":{"version":0,"block":{"attributes":{"id":{"type":"string","description_kind":"plain","optional":true,"computed":true},"instances":{"type":["list",["object",{"boot_volume":["list",["object",{"device":"string","id":"string","name":"string","volume_crn":"string","volume_id":"string"}]],"id":"string","image":"string","memory":"number","name":"string","network_interfaces":["list",["object",{"id":"string","name":"string","primary_ipv4_address":"string","security_groups":["set","string"],"subnet":"string"}]],"primary_network_interface":["list",["object",{"id":"string","name":"string","primary_ipv4_address":"string","security_groups":["set","string"],"subnet":"string"}]],"profile":"string","resource_group":"string","status":"string","vcpu":["list",["object",{"architecture":"string","count":"number"}]],"volume_attachments":["list",["object",{"id":"string","name":"string","volume_crn":"string","volume_id":"string","volume_name":"string"}]],"vpc":"string","zone":"string"}]],"description":"List of instances","description_kind":"plain","computed":true}},"description_kind":"plain"}},"ibm_is_lb":{"version":0,"block":{"attributes":{"hostname":{"type":"string","description":"Load Balancer Host Name","description_kind":"plain","computed":true},"id":{"type":"string","description_kind":"plain","optional":true,"computed":true},"listeners":{"type":["set","string"],"description":"Load Balancer Listeners list","description_kind":"plain","computed":true},"name":{"type":"string","description":"Load Balancer name","description_kind":"plain","required":true},"operating_status":{"type":"string","description":"Load Balancer operating status","description_kind":"plain","computed":true},"pools":{"type":["set","string"],"description":"Load Balancer Pools list","description_kind":"plain","computed":true},"private_ips":{"type":["list","string"],"description":"Load Balancer private IPs","description_kind":"plain","computed":true},"public_ips":{"type":["list","string"],"description":"Load Balancer Public IPs","description_kind":"plain","computed":true},"resource_controller_url":{"type":"string","description":"The URL of the IBM Cloud dashboard that can be used to explore and view details about this instance","description_kind":"plain","computed":true},"resource_group":{"type":"string","description":"Load Balancer Resource group","description_kind":"plain","computed":true},"resource_group_name":{"type":"string","description":"The resource group name in which resource is provisioned","description_kind":"plain","computed":true},"resource_name":{"type":"string","description":"The name of the resource","description_kind":"plain","computed":true},"status":{"type":"string","description":"Load Balancer status","description_kind":"plain","computed":true},"subnets":{"type":["set","string"],"description":"Load Balancer subnets list","description_kind":"plain","computed":true},"tags":{"type":["set","string"],"description":"Tags associated to Load Balancer","description_kind":"plain","computed":true},"type":{"type":"string","description":"Load Balancer type","description_kind":"plain","computed":true}},"description_kind":"plain"}},"ibm_is_public_gateway":{"version":0,"block":{"attributes":{"floating_ip":{"type":["map","string"],"description":"Public gateway floating IP","description_kind":"plain","computed":true},"id":{"type":"string","description_kind":"plain","optional":true,"computed":true},"name":{"type":"string","description":"Public gateway Name","description_kind":"plain","required":true},"resource_controller_url":{"type":"string","description":"The URL of the IBM Cloud dashboard that can be used to explore and view details about this instance","description_kind":"plain","computed":true},"resource_crn":{"type":"string","description":"The crn of the resource","description_kind":"plain","computed":true},"resource_group":{"type":"string","description":"Public gateway resource group info","description_kind":"plain","optional":true,"computed":true},"resource_group_name":{"type":"string","description":"The resource group name in which resource is provisioned","description_kind":"plain","computed":true},"resource_name":{"type":"string","description":"The name of the resource","description_kind":"plain","computed":true},"resource_status":{"type":"string","description":"The status of the resource","description_kind":"plain","computed":true},"status":{"type":"string","description":"Public gateway instance status","description_kind":"plain","computed":true},"tags":{"type":["set","string"],"description":"Service tags for the public gateway instance","description_kind":"plain","computed":true},"vpc":{"type":"string","description":"Public gateway VPC info","description_kind":"plain","computed":true},"zone":{"type":"string","description":"Public gateway zone info","description_kind":"plain","computed":true}},"description_kind":"plain"}},"ibm_is_region":{"version":0,"block":{"attributes":{"endpoint":{"type":"string","description_kind":"plain","computed":true},"id":{"type":"string","description_kind":"plain","optional":true,"computed":true},"name":{"type":"string","description_kind":"plain","required":true},"status":{"type":"string","description_kind":"plain","computed":true}},"description_kind":"plain"}},"ibm_is_security_group":{"version":0,"block":{"attributes":{"id":{"type":"string","description_kind":"plain","optional":true,"computed":true},"name":{"type":"string","description":"Security group name","description_kind":"plain","required":true},"resource_controller_url":{"type":"string","description":"The URL of the IBM Cloud dashboard that can be used to explore and view details about this instance","description_kind":"plain","computed":true},"resource_crn":{"type":"string","description":"The crn of the resource","description_kind":"plain","computed":true},"resource_group_name":{"type":"string","description":"The resource group name in which resource is provisioned","description_kind":"plain","computed":true},"resource_name":{"type":"string","description":"The name of the resource","description_kind":"plain","computed":true},"rules":{"type":["list",["object",{"code":"number","direction":"string","ip_version":"string","port_max":"number","port_min":"number","protocol":"string","remote":"string","rule_id":"string","type":"number"}]],"description":"Security Rules","description_kind":"plain","computed":true},"vpc":{"type":"string","description":"Security group's resource group id","description_kind":"plain","computed":true}},"description_kind":"plain"}},"ibm_is_ssh_key":{"version":0,"block":{"attributes":{"fingerprint":{"type":"string","description":"The ssh key Fingerprint","description_kind":"plain","computed":true},"id":{"type":"string","description_kind":"plain","optional":true,"computed":true},"length":{"type":"number","description":"The ssh key length","description_kind":"plain","computed":true},"name":{"type":"string","description":"The name of the ssh key","description_kind":"plain","required":true},"resource_controller_url":{"type":"string","description":"The URL of the IBM Cloud dashboard that can be used to explore and view details about this instance","description_kind":"plain","computed":true},"resource_crn":{"type":"string","description":"The crn of the resource","description_kind":"plain","computed":true},"resource_group_name":{"type":"string","description":"The resource group name in which resource is provisioned","description_kind":"plain","computed":true},"resource_name":{"type":"string","description":"The name of the resource","description_kind":"plain","computed":true},"type":{"type":"string","description":"The ssh key type","description_kind":"plain","computed":true}},"description_kind":"plain"}},"ibm_is_subnet":{"version":0,"block":{"attributes":{"available_ipv4_address_count":{"type":"string","description_kind":"plain","computed":true},"id":{"type":"string","description_kind":"plain","optional":true,"computed":true},"identifier":{"type":"string","description_kind":"plain","optional":true},"ipv4_cidr_block":{"type":"string","description_kind":"plain","computed":true},"ipv6_cidr_block":{"type":"string","description_kind":"plain","computed":true},"name":{"type":"string","description_kind":"plain","optional":true,"computed":true},"network_acl":{"type":"string","description_kind":"plain","computed":true},"public_gateway":{"type":"string","description_kind":"plain","computed":true},"resource_controller_url":{"type":"string","description":"The URL of the IBM Cloud dashboard that can be used to explore and view details about this instance","description_kind":"plain","computed":true},"resource_crn":{"type":"string","description":"The crn of the resource","description_kind":"plain","computed":true},"resource_group":{"type":"string","description_kind":"plain","computed":true},"resource_group_name":{"type":"string","description":"The resource group name in which resource is provisioned","description_kind":"plain","computed":true},"resource_name":{"type":"string","description":"The name of the resource","description_kind":"plain","computed":true},"resource_status":{"type":"string","description":"The status of the resource","description_kind":"plain","computed":true},"status":{"type":"string","description_kind":"plain","computed":true},"total_ipv4_address_count":{"type":"number","description_kind":"plain","computed":true},"vpc":{"type":"string","description_kind":"plain","computed":true},"zone":{"type":"string","description_kind":"plain","computed":true}},"description_kind":"plain"}},"ibm_is_subnets":{"version":0,"block":{"attributes":{"id":{"type":"string","description_kind":"plain","optional":true,"computed":true},"subnets":{"type":["list",["object",{"available_ipv4_address_count":"string","crn":"string","id":"string","ipv4_cidr_block":"string","ipv6_cidr_block":"string","name":"string","network_acl":"string","public_gateway":"string","resource_group":"string","status":"string","total_ipv4_address_count":"string","vpc":"string","zone":"string"}]],"description":"List of subnets","description_kind":"plain","computed":true}},"description_kind":"plain"}},"ibm_is_volume":{"version":0,"block":{"attributes":{"capacity":{"type":"number","description":"Vloume capacity value","description_kind":"plain","computed":true},"crn":{"type":"string","description":"CRN value for the volume instance","description_kind":"plain","computed":true},"encryption_key":{"type":"string","description":"Volume encryption key info","description_kind":"plain","computed":true},"id":{"type":"string","description_kind":"plain","optional":true,"computed":true},"iops":{"type":"number","description":"IOPS value for the Volume","description_kind":"plain","computed":true},"name":{"type":"string","description":"Volume name","description_kind":"plain","required":true},"profile":{"type":"string","description":"Volume profile name","description_kind":"plain","computed":true},"resource_controller_url":{"type":"string","description":"The URL of the IBM Cloud dashboard that can be used to explore and view details about this instance","description_kind":"plain","computed":true},"resource_crn":{"type":"string","description":"The crn of the resource","description_kind":"plain","computed":true},"resource_group":{"type":"string","description":"Resource group name","description_kind":"plain","computed":true},"resource_group_name":{"type":"string","description":"The resource group name in which resource is provisioned","description_kind":"plain","computed":true},"resource_name":{"type":"string","description":"The name of the resource","description_kind":"plain","computed":true},"resource_status":{"type":"string","description":"The status of the resource","description_kind":"plain","computed":true},"status":{"type":"string","description":"Volume status","description_kind":"plain","computed":true},"tags":{"type":["set","string"],"description":"Tags for the volume instance","description_kind":"plain","computed":true},"zone":{"type":"string","description":"Zone name","description_kind":"plain","optional":true,"computed":true}},"description_kind":"plain"}},"ibm_is_vpc":{"version":0,"block":{"attributes":{"classic_access":{"type":"bool","description_kind":"plain","computed":true},"crn":{"type":"string","description":"The crn of the resource","description_kind":"plain","computed":true},"cse_source_addresses":{"type":["list",["object",{"address":"string","zone_name":"string"}]],"description_kind":"plain","computed":true},"default_network_acl":{"type":"string","description_kind":"plain","computed":true},"default_security_group":{"type":"string","description":"Security group associated with VPC","description_kind":"plain","computed":true},"id":{"type":"string","description_kind":"plain","optional":true,"computed":true},"name":{"type":"string","description_kind":"plain","required":true},"resource_controller_url":{"type":"string","description":"The URL of the IBM Cloud dashboard that can be used to explore and view details about this instance","description_kind":"plain","computed":true},"resource_crn":{"type":"string","description":"The crn of the resource","description_kind":"plain","computed":true},"resource_group":{"type":"string","description_kind":"plain","computed":true},"resource_group_name":{"type":"string","description":"The resource group name in which resource is provisioned","description_kind":"plain","computed":true},"resource_name":{"type":"string","description":"The name of the resource","description_kind":"plain","computed":true},"resource_status":{"type":"string","description":"The status of the resource","description_kind":"plain","computed":true},"security_group":{"type":["list",["object",{"group_id":"string","group_name":"string","rules":["list",["object",{"code":"number","direction":"string","ip_version":"string","port_max":"number","port_min":"number","protocol":"string","remote":"string","rule_id":"string","type":"number"}]]}]],"description_kind":"plain","computed":true},"status":{"type":"string","description_kind":"plain","computed":true},"subnets":{"type":["list",["object",{"available_ipv4_address_count":"number","id":"string","name":"string","status":"string","total_ipv4_address_count":"number","zone":"string"}]],"description_kind":"plain","computed":true},"tags":{"type":["set","string"],"description_kind":"plain","computed":true}},"description_kind":"plain"}},"ibm_is_zone":{"version":0,"block":{"attributes":{"id":{"type":"string","description_kind":"plain","optional":true,"computed":true},"name":{"type":"string","description_kind":"plain","required":true},"region":{"type":"string","description_kind":"plain","required":true},"status":{"type":"string","description_kind":"plain","computed":true}},"description_kind":"plain"}},"ibm_is_zones":{"version":0,"block":{"attributes":{"id":{"type":"string","description_kind":"plain","optional":true,"computed":true},"region":{"type":"string","description_kind":"plain","required":true},"status":{"type":"string","description_kind":"plain","optional":true},"zones":{"type":["list","string"],"description_kind":"plain","computed":true}},"description_kind":"plain"}},"ibm_kms_key":{"version":0,"block":{"attributes":{"endpoint_type":{"type":"string","description":"public or private","description_kind":"plain","optional":true},"id":{"type":"string","description_kind":"plain","optional":true,"computed":true},"instance_id":{"type":"string","description":"Key protect or hpcs instance GUID","description_kind":"plain","required":true},"key_name":{"type":"string","description":"The name of the key to be fetched","description_kind":"plain","required":true},"keys":{"type":["list",["object",{"crn":"string","id":"string","name":"string","standard_key":"bool"}]],"description_kind":"plain","computed":true}},"description_kind":"plain"}},"ibm_kms_keys":{"version":0,"block":{"attributes":{"endpoint_type":{"type":"string","description":"public or private","description_kind":"plain","optional":true},"id":{"type":"string","description_kind":"plain","optional":true,"computed":true},"instance_id":{"type":"string","description":"Key protect or hpcs instance GUID","description_kind":"plain","required":true},"key_name":{"type":"string","description":"The name of the key to be fetched","description_kind":"plain","optional":true},"keys":{"type":["list",["object",{"crn":"string","id":"string","name":"string","standard_key":"bool"}]],"description_kind":"plain","computed":true}},"description_kind":"plain"}},"ibm_kp_key":{"version":0,"block":{"attributes":{"id":{"type":"string","description_kind":"plain","optional":true,"computed":true},"key_name":{"type":"string","description_kind":"plain","optional":true},"key_protect_id":{"type":"string","description_kind":"plain","required":true},"keys":{"type":["list",["object",{"crn":"string","id":"string","name":"string","standard_key":"bool"}]],"description_kind":"plain","computed":true}},"description_kind":"plain"}},"ibm_lbaas":{"version":0,"block":{"attributes":{"active_connections":{"type":"number","description_kind":"plain","computed":true},"datacenter":{"type":"string","description_kind":"plain","computed":true},"description":{"type":"string","description_kind":"plain","computed":true},"health_monitors":{"type":["list",["object",{"interval":"number","max_retries":"number","monitor_id":"string","port":"number","protocol":"string","timeout":"number","url_path":"string"}]],"description_kind":"plain","computed":true},"id":{"type":"string","description_kind":"plain","optional":true,"computed":true},"name":{"type":"string","description_kind":"plain","required":true},"protocols":{"type":["list",["object",{"backend_port":"number","backend_protocol":"string","frontend_port":"number","frontend_protocol":"string","load_balancing_method":"string","max_conn":"number","protocol_id":"string","session_stickiness":"string","tls_certificate_id":"number"}]],"description_kind":"plain","computed":true},"server_instances":{"type":["list",["object",{"member_id":"string","private_ip_address":"string","status":"string","weight":"number"}]],"description_kind":"plain","computed":true},"server_instances_down":{"type":"number","description_kind":"plain","computed":true},"server_instances_up":{"type":"number","description_kind":"plain","computed":true},"ssl_ciphers":{"type":["set","string"],"description_kind":"plain","computed":true},"status":{"type":"string","description_kind":"plain","computed":true},"type":{"type":"string","description_kind":"plain","computed":true},"use_system_public_ip_pool":{"type":"bool","description_kind":"plain","computed":true},"vip":{"type":"string","description_kind":"plain","computed":true}},"description_kind":"plain"}},"ibm_network_vlan":{"version":0,"block":{"attributes":{"id":{"type":"number","description_kind":"plain","computed":true},"name":{"type":"string","description_kind":"plain","optional":true,"computed":true},"number":{"type":"number","description_kind":"plain","optional":true,"computed":true},"router_hostname":{"type":"string","description_kind":"plain","optional":true,"computed":true},"subnets":{"type":["list",["object",{"cidr":"number","gateway":"string","id":"number","subnet":"string","subnet_size":"number","subnet_type":"string"}]],"description_kind":"plain","computed":true},"virtual_guests":{"type":["list",["object",{"domain":"string","hostname":"string","id":"number"}]],"description_kind":"plain","computed":true}},"description_kind":"plain"}},"ibm_org":{"version":0,"block":{"attributes":{"id":{"type":"string","description_kind":"plain","optional":true,"computed":true},"name":{"type":"string","description":"Org name, for example myorg@domain","description_kind":"plain","optional":true},"org":{"type":"string","description":"Org name, for example myorg@domain","description_kind":"plain","optional":true}},"description_kind":"plain"}},"ibm_org_quota":{"version":0,"block":{"attributes":{"app_instance_limit":{"type":"number","description":"Defines the total app instance limit for organization.","description_kind":"plain","computed":true},"app_tasks_limit":{"type":"number","description":"Defines the total app task limit for organization.","description_kind":"plain","computed":true},"id":{"type":"string","description_kind":"plain","optional":true,"computed":true},"instance_memory_limit":{"type":"number","description":"Defines the  total instance memory limit for organization.","description_kind":"plain","computed":true},"memory_limit":{"type":"number","description":"Defines the total memory limit for organization.","description_kind":"plain","computed":true},"name":{"type":"string","description":"Org quota name, for example qIBM","description_kind":"plain","required":true},"non_basic_services_allowed":{"type":"bool","description":"Define non basic services are allowed for organization.","description_kind":"plain","computed":true},"total_private_domains":{"type":"number","description":"Defines the total private domain limit for organization.v","description_kind":"plain","computed":true},"total_reserved_route_ports":{"type":"number","description":"Defines the number of reserved route ports for organization. ","description_kind":"plain","computed":true},"total_routes":{"type":"number","description":"Defines the total route for organization.","description_kind":"plain","computed":true},"total_service_keys":{"type":"number","description":"Defines the total service keys for organization.","description_kind":"plain","computed":true},"total_services":{"type":"number","description":"Defines the total services for organization.","description_kind":"plain","computed":true},"trial_db_allowed":{"type":"bool","description":"Defines trial db are allowed for organization.","description_kind":"plain","computed":true}},"description_kind":"plain"}},"ibm_pi_cloud_instance":{"version":0,"block":{"attributes":{"capabilities":{"type":["list","string"],"description_kind":"plain","computed":true},"creation_date":{"type":"string","description_kind":"plain","computed":true},"enabled":{"type":"bool","description_kind":"plain","computed":true},"id":{"type":"string","description_kind":"plain","optional":true,"computed":true},"pi_cloud_instance_id":{"type":"string","description_kind":"plain","required":true},"pvm_instances":{"type":["list",["object",{"creation_date":"string","href":"string","id":"string","name":"string","status":"string","systype":"string"}]],"description_kind":"plain","computed":true},"region":{"type":"string","description_kind":"plain","computed":true},"tenant_id":{"type":"string","description_kind":"plain","computed":true},"total_instances":{"type":"number","description_kind":"plain","computed":true},"total_memory_consumed":{"type":"number","description_kind":"plain","computed":true},"total_processors_consumed":{"type":"number","description_kind":"plain","computed":true},"total_ssd_storage_consumed":{"type":"number","description_kind":"plain","computed":true},"total_standard_storage_consumed":{"type":"number","description_kind":"plain","computed":true}},"description_kind":"plain"}},"ibm_pi_image":{"version":0,"block":{"attributes":{"architecture":{"type":"string","description_kind":"plain","computed":true},"hypervisor":{"type":"string","description_kind":"plain","computed":true},"id":{"type":"string","description_kind":"plain","optional":true,"computed":true},"operatingsystem":{"type":"string","description_kind":"plain","computed":true},"pi_cloud_instance_id":{"type":"string","description_kind":"plain","required":true},"pi_image_name":{"type":"string","description":"Imagename Name to be used for pvminstances","description_kind":"plain","required":true},"size":{"type":"number","description_kind":"plain","computed":true},"state":{"type":"string","description_kind":"plain","computed":true},"storage_type":{"type":"string","description_kind":"plain","computed":true}},"description_kind":"plain"}},"ibm_pi_images":{"version":0,"block":{"attributes":{"id":{"type":"string","description_kind":"plain","optional":true,"computed":true},"image_info":{"type":["list",["object",{"href":"string","id":"string","name":"string","state":"string","storage_type":"string"}]],"description_kind":"plain","computed":true},"pi_cloud_instance_id":{"type":"string","description_kind":"plain","required":true},"pi_image_name":{"type":"string","description":"Imagename Name to be used for pvminstances","description_kind":"plain","optional":true}},"description_kind":"plain"}},"ibm_pi_instance":{"version":0,"block":{"attributes":{"addresses":{"type":["list",["object",{"external_ip":"string","ip":"string","macaddress":"string","network_id":"string","network_name":"string","type":"string"}]],"description_kind":"plain","computed":true},"health_status":{"type":"string","description_kind":"plain","computed":true},"id":{"type":"string","description_kind":"plain","optional":true,"computed":true},"max_virtual_cores":{"type":"number","description_kind":"plain","computed":true},"maxmem":{"type":"number","description_kind":"plain","computed":true},"maxproc":{"type":"number","description_kind":"plain","computed":true},"min_virtual_cores":{"type":"number","description_kind":"plain","computed":true},"minmem":{"type":"number","description_kind":"plain","computed":true},"minproc":{"type":"number","description_kind":"plain","computed":true},"pi_cloud_instance_id":{"type":"string","description_kind":"plain","required":true},"pi_instance_name":{"type":"string","description":"Server Name to be used for pvminstances","description_kind":"plain","required":true},"pin_policy":{"type":"string","description_kind":"plain","computed":true},"processors":{"type":"number","description_kind":"plain","computed":true},"proctype":{"type":"string","description_kind":"plain","computed":true},"state":{"type":"string","description_kind":"plain","computed":true},"status":{"type":"string","description_kind":"plain","computed":true},"virtual_cores_assigned":{"type":"number","description_kind":"plain","computed":true},"volumes":{"type":["list","string"],"description_kind":"plain","computed":true}},"description_kind":"plain"}},"ibm_pi_instance_ip":{"version":0,"block":{"attributes":{"external_ip":{"type":"string","description_kind":"plain","computed":true},"id":{"type":"string","description_kind":"plain","optional":true,"computed":true},"ip":{"type":"string","description_kind":"plain","computed":true},"ipoctet":{"type":"string","description_kind":"plain","computed":true},"macaddress":{"type":"string","description_kind":"plain","computed":true},"network_id":{"type":"string","description_kind":"plain","computed":true},"pi_cloud_instance_id":{"type":"string","description_kind":"plain","required":true},"pi_instance_name":{"type":"string","description":"Server Name to be used for pvminstances","description_kind":"plain","required":true},"pi_network_name":{"type":"string","description_kind":"plain","required":true},"type":{"type":"string","description_kind":"plain","computed":true}},"description_kind":"plain"}},"ibm_pi_instance_snapshots":{"version":0,"block":{"attributes":{"id":{"type":"string","description_kind":"plain","optional":true,"computed":true},"instance_snapshots":{"type":["list",["object",{"action":"string","creation_date":"string","description":"string","id":"string","last_updated_date":"string","name":"string","percent_complete":"number","status":"string"}]],"description_kind":"plain","computed":true},"pi_cloud_instance_id":{"type":"string","description_kind":"plain","required":true}},"description_kind":"plain"}},"ibm_pi_instance_volumes":{"version":0,"block":{"attributes":{"boot_volume_id":{"type":"string","description_kind":"plain","computed":true},"id":{"type":"string","description_kind":"plain","optional":true,"computed":true},"instance_volumes":{"type":["list",["object",{"bootable":"bool","href":"string","id":"string","name":"string","shareable":"bool","size":"number","state":"string","type":"string"}]],"description_kind":"plain","computed":true},"pi_cloud_instance_id":{"type":"string","description_kind":"plain","required":true},"pi_instance_name":{"type":"string","description":"Instance Name to be used for pvminstances","description_kind":"plain","required":true}},"description_kind":"plain"}},"ibm_pi_key":{"version":0,"block":{"attributes":{"creation_date":{"type":"string","description_kind":"plain","computed":true},"id":{"type":"string","description_kind":"plain","optional":true,"computed":true},"pi_cloud_instance_id":{"type":"string","description_kind":"plain","required":true},"pi_key_name":{"type":"string","description":"SSHKey Name to be used for pvminstances","description_kind":"plain","required":true},"sshkey":{"type":"string","description_kind":"plain","computed":true}},"description_kind":"plain"}},"ibm_pi_network":{"version":0,"block":{"attributes":{"available_ip_count":{"type":"number","description_kind":"plain","computed":true},"cidr":{"type":"string","description_kind":"plain","computed":true},"gateway":{"type":"string","description_kind":"plain","computed":true},"id":{"type":"string","description_kind":"plain","optional":true,"computed":true},"name":{"type":"string","description_kind":"plain","computed":true},"pi_cloud_instance_id":{"type":"string","description_kind":"plain","required":true},"pi_network_name":{"type":"string","description":"Network Name to be used for pvminstances","description_kind":"plain","required":true},"type":{"type":"string","description_kind":"plain","computed":true},"used_ip_count":{"type":"number","description_kind":"plain","computed":true},"used_ip_percent":{"type":"number","description_kind":"plain","computed":true},"vlan_id":{"type":"number","description_kind":"plain","computed":true}},"description_kind":"plain"}},"ibm_pi_network_port":{"version":0,"block":{"attributes":{"id":{"type":"string","description_kind":"plain","optional":true,"computed":true},"network_ports":{"type":["list",["object",{"description":"string","href":"string","ipaddress":"string","macaddress":"string","portid":"string","status":"string"}]],"description_kind":"plain","computed":true},"pi_cloud_instance_id":{"type":"string","description_kind":"plain","required":true},"pi_network_name":{"type":"string","description":"Network Name to be used for pvminstances","description_kind":"plain","required":true}},"description_kind":"plain"}},"ibm_pi_public_network":{"version":0,"block":{"attributes":{"id":{"type":"string","description_kind":"plain","optional":true,"computed":true},"name":{"type":"string","description_kind":"plain","computed":true},"network_id":{"type":"string","description_kind":"plain","computed":true},"pi_cloud_instance_id":{"type":"string","description_kind":"plain","required":true},"pi_network_name":{"type":"string","description":"Network Name to be used for pvminstances","description_kind":"plain","optional":true},"type":{"type":"string","description_kind":"plain","computed":true},"vlan_id":{"type":"number","description_kind":"plain","computed":true}},"description_kind":"plain"}},"ibm_pi_pvm_snapshots":{"version":0,"block":{"attributes":{"id":{"type":"string","description_kind":"plain","optional":true,"computed":true},"pi_cloud_instance_id":{"type":"string","description_kind":"plain","required":true},"pi_instance_name":{"type":"string","description_kind":"plain","required":true},"pvm_snapshots":{"type":["list",["object",{"action":"string","creation_date":"string","description":"string","id":"string","last_updated_date":"string","name":"string","percent_complete":"number","status":"string","volume_snapshots":["map","string"]}]],"description_kind":"plain","computed":true}},"description_kind":"plain"}},"ibm_pi_tenant":{"version":0,"block":{"attributes":{"cloud_instances":{"type":["set",["object",{"cloud_instance_id":"string","region":"string"}]],"description_kind":"plain","computed":true},"creation_date":{"type":"string","description_kind":"plain","computed":true},"enabled":{"type":"bool","description_kind":"plain","computed":true},"id":{"type":"string","description_kind":"plain","optional":true,"computed":true},"pi_cloud_instance_id":{"type":"string","description_kind":"plain","required":true},"tenant_name":{"type":"string","description_kind":"plain","computed":true}},"description_kind":"plain"}},"ibm_pi_volume":{"version":0,"block":{"attributes":{"bootable":{"type":"bool","description_kind":"plain","computed":true},"creation_date":{"type":"string","description_kind":"plain","computed":true},"disk_type":{"type":"string","description_kind":"plain","computed":true},"id":{"type":"string","description_kind":"plain","optional":true,"computed":true},"name":{"type":"string","description_kind":"plain","computed":true},"pi_cloud_instance_id":{"type":"string","description_kind":"plain","required":true},"pi_volume_name":{"type":"string","description":"Volume Name to be used for pvminstances","description_kind":"plain","required":true},"shareable":{"type":"bool","description_kind":"plain","computed":true},"size":{"type":"number","description_kind":"plain","computed":true},"state":{"type":"string","description_kind":"plain","computed":true},"wwn":{"type":"string","description_kind":"plain","computed":true}},"description_kind":"plain"}},"ibm_resource_group":{"version":0,"block":{"attributes":{"id":{"type":"string","description_kind":"plain","optional":true,"computed":true},"is_default":{"type":"bool","description":"Default Resource group","description_kind":"plain","optional":true},"name":{"type":"string","description":"Resource group name","description_kind":"plain","optional":true}},"description_kind":"plain"}},"ibm_resource_instance":{"version":0,"block":{"attributes":{"crn":{"type":"string","description":"CRN of resource instance","description_kind":"plain","computed":true},"extensions":{"type":["map","string"],"description":"The extended metadata as a map associated with the resource instance.","description_kind":"plain","computed":true},"guid":{"type":"string","description":"Guid of resource instance","description_kind":"plain","computed":true},"id":{"type":"string","description_kind":"plain","optional":true,"computed":true},"location":{"type":"string","description":"The location or the environment in which instance exists","description_kind":"plain","optional":true,"computed":true},"name":{"type":"string","description":"Resource instance name for example, myobjectstorage","description_kind":"plain","required":true},"plan":{"type":"string","description":"The plan type of the instance","description_kind":"plain","computed":true},"resource_controller_url":{"type":"string","description":"The URL of the IBM Cloud dashboard that can be used to explore and view details about the resource","description_kind":"plain","computed":true},"resource_crn":{"type":"string","description":"The crn of the resource","description_kind":"plain","computed":true},"resource_group_id":{"type":"string","description":"The id of the resource group in which the instance is present","description_kind":"plain","optional":true,"computed":true},"resource_group_name":{"type":"string","description":"The resource group name in which resource is provisioned","description_kind":"plain","computed":true},"resource_name":{"type":"string","description":"The name of the resource","description_kind":"plain","computed":true},"resource_status":{"type":"string","description":"The status of the resource","description_kind":"plain","computed":true},"service":{"type":"string","description":"The service type of the instance","description_kind":"plain","optional":true,"computed":true},"status":{"type":["map","string"],"description":"The resource instance status","description_kind":"plain","computed":true}},"description_kind":"plain"}},"ibm_resource_key":{"version":0,"block":{"attributes":{"credentials":{"type":["map","string"],"description":"Credentials asociated with the key","description_kind":"plain","computed":true,"sensitive":true},"crn":{"type":"string","description":"crn of resource key","description_kind":"plain","computed":true},"id":{"type":"string","description_kind":"plain","optional":true,"computed":true},"most_recent":{"type":"bool","description":"If true and multiple entries are found, the most recently created resource key is used. If false, an error is returned","description_kind":"plain","optional":true},"name":{"type":"string","description":"The name of the resource key","description_kind":"plain","required":true},"resource_alias_id":{"type":"string","description":"The id of the resource alias","description_kind":"plain","optional":true},"resource_instance_id":{"type":"string","description":"The id of the resource instance","description_kind":"plain","optional":true},"role":{"type":"string","description":"User role","description_kind":"plain","computed":true},"status":{"type":"string","description":"Status of resource key","description_kind":"plain","computed":true}},"description_kind":"plain"}},"ibm_resource_quota":{"version":0,"block":{"attributes":{"id":{"type":"string","description_kind":"plain","optional":true,"computed":true},"max_app_instance_memory":{"type":"string","description":"Defines the total memory of app instance.","description_kind":"plain","computed":true},"max_apps":{"type":"number","description":"Defines the total app limit.","description_kind":"plain","computed":true},"max_instances_per_app":{"type":"number","description":"Defines the total instances limit per app.","description_kind":"plain","computed":true},"max_service_instances":{"type":"number","description":"Defines the total service instances limit.","description_kind":"plain","computed":true},"name":{"type":"string","description":"Resource quota name, for example Trial Quota","description_kind":"plain","required":true},"total_app_memory":{"type":"string","description":"Defines the total memory for app.","description_kind":"plain","computed":true},"type":{"type":"string","description":"Type of the quota.","description_kind":"plain","computed":true},"vsi_limit":{"type":"number","description":"Defines the VSI limit.","description_kind":"plain","computed":true}},"description_kind":"plain"}},"ibm_schematics_output":{"version":0,"block":{"attributes":{"id":{"type":"string","description_kind":"plain","optional":true,"computed":true},"output_json":{"type":"string","description":"The json output in string","description_kind":"plain","optional":true},"output_values":{"type":["map","string"],"description_kind":"plain","computed":true},"resource_controller_url":{"type":"string","description":"The URL of the IBM Cloud dashboard that can be used to explore and view details about this Workspace","description_kind":"plain","computed":true},"template_id":{"type":"string","description":"The id of template","description_kind":"plain","required":true},"type":{"type":"number","description_kind":"plain","computed":true},"workspace_id":{"type":"string","description":"The id of workspace","description_kind":"plain","required":true}},"description_kind":"plain"}},"ibm_schematics_state":{"version":0,"block":{"attributes":{"id":{"type":"string","description_kind":"plain","optional":true,"computed":true},"resource_controller_url":{"type":"string","description":"The URL of the IBM Cloud dashboard that can be used to explore and view details about this workspace","description_kind":"plain","computed":true},"state_store":{"type":"string","description_kind":"plain","computed":true},"state_store_json":{"type":"string","description_kind":"plain","computed":true},"template_id":{"type":"string","description":"The id of template","description_kind":"plain","required":true},"workspace_id":{"type":"string","description":"The id of workspace","description_kind":"plain","required":true}},"description_kind":"plain"}},"ibm_schematics_workspace":{"version":0,"block":{"attributes":{"catalog_ref":{"type":["map","string"],"description":"Catalog references","description_kind":"plain","computed":true},"crn":{"type":"string","description":"cloud resource name of the workspace","description_kind":"plain","computed":true},"description":{"type":"string","description":"The description of workspace","description_kind":"plain","computed":true},"id":{"type":"string","description_kind":"plain","optional":true,"computed":true},"is_frozen":{"type":"bool","description_kind":"plain","computed":true},"is_locked":{"type":"bool","description_kind":"plain","computed":true},"location":{"type":"string","description":"The location of workspace","description_kind":"plain","computed":true},"name":{"type":"string","description":"The name of workspace","description_kind":"plain","computed":true},"resource_controller_url":{"type":"string","description":"The URL of the IBM Cloud dashboard that can be used to explore and view details about this workspace","description_kind":"plain","computed":true},"resource_group":{"type":"string","description":"The resource group of workspace","description_kind":"plain","computed":true},"status":{"type":"string","description":"The status of workspace","description_kind":"plain","computed":true},"tags":{"type":["list","string"],"description_kind":"plain","computed":true},"template_id":{"type":["list","string"],"description":"The id of templates","description_kind":"plain","computed":true},"types":{"type":["list","string"],"description_kind":"plain","computed":true},"workspace_id":{"type":"string","description":"The id of workspace","description_kind":"plain","required":true}},"description_kind":"plain"}},"ibm_security_group":{"version":0,"block":{"attributes":{"description":{"type":"string","description":"The description of the security group","description_kind":"plain","optional":true,"computed":true},"id":{"type":"string","description_kind":"plain","optional":true,"computed":true},"most_recent":{"type":"bool","description":"If true and multiple entries are found, the most recently created group is used. If false, an error is returned","description_kind":"plain","optional":true},"name":{"type":"string","description":"The name of the security group","description_kind":"plain","required":true}},"description_kind":"plain"}},"ibm_service_instance":{"version":0,"block":{"attributes":{"credentials":{"type":["map","string"],"description":"The service broker-provided credentials to use this service.","description_kind":"plain","computed":true,"sensitive":true},"id":{"type":"string","description_kind":"plain","optional":true,"computed":true},"name":{"type":"string","description":"Service instance name for example, speech_to_text","description_kind":"plain","required":true},"service_keys":{"type":["list",["object",{"credentials":["map","string"],"name":"string"}]],"description":"Service keys asociated with the service instance","description_kind":"plain","computed":true},"service_plan_guid":{"type":"string","description":"The uniquie identifier of the service offering plan type","description_kind":"plain","computed":true},"space_guid":{"type":"string","description":"The guid of the space in which the instance is present","description_kind":"plain","required":true}},"description_kind":"plain"}},"ibm_service_key":{"version":0,"block":{"attributes":{"credentials":{"type":["map","string"],"description":"Credentials asociated with the key","description_kind":"plain","computed":true,"sensitive":true},"id":{"type":"string","description_kind":"plain","optional":true,"computed":true},"name":{"type":"string","description":"The name of the service key","description_kind":"plain","required":true},"service_instance_name":{"type":"string","description":"Service instance name for example, speech_to_text","description_kind":"plain","required":true},"space_guid":{"type":"string","description":"The guid of the space in which the service instance is present","description_kind":"plain","required":true}},"description_kind":"plain"}},"ibm_service_plan":{"version":0,"block":{"attributes":{"id":{"type":"string","description_kind":"plain","optional":true,"computed":true},"plan":{"type":"string","description":"The plan type ex- shared ","description_kind":"plain","required":true},"service":{"type":"string","description":"Service name for example, cloudantNoSQLDB","description_kind":"plain","required":true}},"description_kind":"plain"}},"ibm_space":{"version":0,"block":{"attributes":{"auditors":{"type":["set","string"],"description":"The IBMID of the users who  have auditor role in this space, ex - user@example.com","description_kind":"plain","computed":true},"developers":{"type":["set","string"],"description":"The IBMID of the users who  have developer role in this space, ex - user@example.com","description_kind":"plain","computed":true},"id":{"type":"string","description_kind":"plain","optional":true,"computed":true},"managers":{"type":["set","string"],"description":"The IBMID of the users who  have manager role in this space, ex - user@example.com","description_kind":"plain","computed":true},"name":{"type":"string","description":"Space name, for example dev","description_kind":"plain","optional":true},"org":{"type":"string","description":"The org this space belongs to","description_kind":"plain","required":true},"space":{"type":"string","description":"Space name, for example dev","description_kind":"plain","optional":true}},"description_kind":"plain"}},"ibm_tg_gateway":{"version":0,"block":{"attributes":{"connections":{"type":["list",["object",{"created_at":"string","id":"string","name":"string","network_account_id":"string","network_id":"string","network_type":"string","status":"string","updated_at":"string"}]],"description":"Collection of transit gateway connections","description_kind":"plain","computed":true},"created_at":{"type":"string","description_kind":"plain","computed":true},"crn":{"type":"string","description_kind":"plain","computed":true},"global":{"type":"bool","description_kind":"plain","computed":true},"id":{"type":"string","description_kind":"plain","optional":true,"computed":true},"location":{"type":"string","description_kind":"plain","computed":true},"name":{"type":"string","description":"The Transit Gateway identifier","description_kind":"plain","required":true},"resource_group":{"type":"string","description_kind":"plain","computed":true},"status":{"type":"string","description_kind":"plain","computed":true},"updated_at":{"type":"string","description_kind":"plain","computed":true}},"description_kind":"plain"}},"ibm_tg_gateways":{"version":0,"block":{"attributes":{"id":{"type":"string","description_kind":"plain","optional":true,"computed":true},"transit_gateways":{"type":["list",["object",{"created_at":"string","crn":"string","global":"bool","id":"string","location":"string","name":"string","resource_group":"string","status":"string","updated_at":"string"}]],"description":"Collection of transit gateways","description_kind":"plain","computed":true}},"description_kind":"plain"}},"ibm_tg_location":{"version":0,"block":{"attributes":{"billing_location":{"type":"string","description":"The geographical location of this location, used for billing purposes.","description_kind":"plain","computed":true},"id":{"type":"string","description_kind":"plain","optional":true,"computed":true},"local_connection_locations":{"type":["list",["object",{"display_name":"string","name":"string","type":"string"}]],"description":"The set of network locations that are considered local for this Transit Gateway location.","description_kind":"plain","computed":true},"name":{"type":"string","description":"Name of the Location.","description_kind":"plain","required":true},"type":{"type":"string","description":"The type of the location, determining is this a multi-zone region, a single data center, or a point of presence.","description_kind":"plain","computed":true}},"description_kind":"plain"}},"ibm_tg_locations":{"version":0,"block":{"attributes":{"id":{"type":"string","description_kind":"plain","optional":true,"computed":true},"locations":{"type":["list",["object",{"billing_location":"string","name":"string","type":"string"}]],"description":"Collection of Transit Gateway locations","description_kind":"plain","computed":true}},"description_kind":"plain"}}}}}}
