{"format_version":"0.1","provider_schemas":{"registry.terraform.io/phoenixnap/pnap":{"provider":{"version":0,"block":{"description_kind":"plain"}},"resource_schemas":{"pnap_server":{"version":0,"block":{"attributes":{"action":{"type":"string","description_kind":"plain","optional":true},"cpu":{"type":"string","description_kind":"plain","computed":true},"description":{"type":"string","description_kind":"plain","optional":true},"hostname":{"type":"string","description_kind":"plain","required":true},"id":{"type":"string","description_kind":"plain","optional":true,"computed":true},"location":{"type":"string","description_kind":"plain","required":true},"os":{"type":"string","description_kind":"plain","required":true},"private_ip_addresses":{"type":["set","string"],"description_kind":"plain","computed":true},"public_ip_addresses":{"type":["set","string"],"description_kind":"plain","computed":true},"ram":{"type":"string","description_kind":"plain","computed":true},"ssh_keys":{"type":["set","string"],"description_kind":"plain","required":true},"status":{"type":"string","description_kind":"plain","computed":true},"storage":{"type":"string","description_kind":"plain","computed":true},"type":{"type":"string","description_kind":"plain","required":true}},"block_types":{"timeouts":{"nesting_mode":"single","block":{"attributes":{"create":{"type":"string","description_kind":"plain","optional":true},"delete":{"type":"string","description_kind":"plain","optional":true},"update":{"type":"string","description_kind":"plain","optional":true}},"description_kind":"plain"}}},"description_kind":"plain"}}}}}}
