{"format_version":"0.1","provider_schemas":{"registry.terraform.io/hashicorp/oci":{"provider":{"version":0,"block":{"attributes":{"auth":{"type":"string","description":"(Optional) The type of auth to use. Options are 'ApiKey', 'SecurityToken' and 'InstancePrincipal'. By default, 'ApiKey' will be used.","description_kind":"plain","optional":true},"config_file_profile":{"type":"string","description":"(Optional) The profile name to be used from config file, if not set it will be DEFAULT.","description_kind":"plain","optional":true},"disable_auto_retries":{"type":"bool","description":"(Optional) Disable automatic retries for retriable errors.\nAutomatic retries were introduced to solve some eventual consistency problems but it also introduced performance issues on destroy operations.","description_kind":"plain","optional":true},"fingerprint":{"type":"string","description":"(Optional) The fingerprint for the user's RSA key. This can be found in user settings in the Oracle Cloud Infrastructure console. Required if auth is set to 'ApiKey', ignored otherwise.","description_kind":"plain","optional":true},"private_key":{"type":"string","description":"(Optional) A PEM formatted RSA private key for the user.\nA private_key or a private_key_path must be provided if auth is set to 'ApiKey', ignored otherwise.","description_kind":"plain","optional":true,"sensitive":true},"private_key_password":{"type":"string","description":"(Optional) The password used to secure the private key.","description_kind":"plain","optional":true,"sensitive":true},"private_key_path":{"type":"string","description":"(Optional) The path to the user's PEM formatted private key.\nA private_key or a private_key_path must be provided if auth is set to 'ApiKey', ignored otherwise.","description_kind":"plain","optional":true},"region":{"type":"string","description":"(Required) The region for API connections (e.g. us-ashburn-1).","description_kind":"plain","optional":true},"retry_duration_seconds":{"type":"number","description":"(Optional) The minimum duration (in seconds) to retry a resource operation in response to an error.\nThe actual retry duration may be longer due to jittering of retry operations. This value is ignored if the `disable_auto_retries` field is set to true.","description_kind":"plain","optional":true},"tenancy_ocid":{"type":"string","description":"(Optional) The tenancy OCID for a user. The tenancy OCID can be found at the bottom of user settings in the Oracle Cloud Infrastructure console. Required if auth is set to 'ApiKey', ignored otherwise.","description_kind":"plain","optional":true},"user_ocid":{"type":"string","description":"(Optional) The user OCID. This can be found in user settings in the Oracle Cloud Infrastructure console. Required if auth is set to 'ApiKey', ignored otherwise.","description_kind":"plain","optional":true}},"description_kind":"plain"}},"resource_schemas":{"oci_analytics_analytics_instance":{"version":0,"block":{"attributes":{"compartment_id":{"type":"string","description_kind":"plain","required":true},"defined_tags":{"type":["map","string"],"description_kind":"plain","optional":true,"computed":true},"description":{"type":"string","description_kind":"plain","optional":true,"computed":true},"email_notification":{"type":"string","description_kind":"plain","optional":true,"computed":true},"feature_set":{"type":"string","description_kind":"plain","required":true},"freeform_tags":{"type":["map","string"],"description_kind":"plain","optional":true,"computed":true},"id":{"type":"string","description_kind":"plain","optional":true,"computed":true},"idcs_access_token":{"type":"string","description_kind":"plain","optional":true,"sensitive":true},"license_type":{"type":"string","description_kind":"plain","required":true},"name":{"type":"string","description_kind":"plain","required":true},"service_url":{"type":"string","description_kind":"plain","computed":true},"state":{"type":"string","description_kind":"plain","optional":true,"computed":true},"time_created":{"type":"string","description_kind":"plain","computed":true},"time_updated":{"type":"string","description_kind":"plain","computed":true}},"block_types":{"capacity":{"nesting_mode":"list","block":{"attributes":{"capacity_type":{"type":"string","description_kind":"plain","required":true},"capacity_value":{"type":"number","description_kind":"plain","required":true}},"description_kind":"plain"},"min_items":1,"max_items":1},"network_endpoint_details":{"nesting_mode":"list","block":{"attributes":{"network_endpoint_type":{"type":"string","description_kind":"plain","required":true},"subnet_id":{"type":"string","description_kind":"plain","optional":true,"computed":true},"vcn_id":{"type":"string","description_kind":"plain","optional":true,"computed":true},"whitelisted_ips":{"type":["list","string"],"description_kind":"plain","optional":true,"computed":true}},"block_types":{"whitelisted_vcns":{"nesting_mode":"list","block":{"attributes":{"id":{"type":"string","description_kind":"plain","optional":true,"computed":true},"whitelisted_ips":{"type":["list","string"],"description_kind":"plain","optional":true,"computed":true}},"description_kind":"plain"}}},"description_kind":"plain"},"max_items":1},"timeouts":{"nesting_mode":"single","block":{"attributes":{"create":{"type":"string","description_kind":"plain","optional":true},"delete":{"type":"string","description_kind":"plain","optional":true},"update":{"type":"string","description_kind":"plain","optional":true}},"description_kind":"plain"}}},"description_kind":"plain"}},"oci_apigateway_deployment":{"version":0,"block":{"attributes":{"compartment_id":{"type":"string","description_kind":"plain","required":true},"defined_tags":{"type":["map","string"],"description_kind":"plain","optional":true,"computed":true},"display_name":{"type":"string","description_kind":"plain","optional":true,"computed":true},"endpoint":{"type":"string","description_kind":"plain","computed":true},"freeform_tags":{"type":["map","string"],"description_kind":"plain","optional":true,"computed":true},"gateway_id":{"type":"string","description_kind":"plain","required":true},"id":{"type":"string","description_kind":"plain","optional":true,"computed":true},"lifecycle_details":{"type":"string","description_kind":"plain","computed":true},"path_prefix":{"type":"string","description_kind":"plain","required":true},"state":{"type":"string","description_kind":"plain","computed":true},"time_created":{"type":"string","description_kind":"plain","computed":true},"time_updated":{"type":"string","description_kind":"plain","computed":true}},"block_types":{"specification":{"nesting_mode":"list","block":{"block_types":{"logging_policies":{"nesting_mode":"list","block":{"block_types":{"access_log":{"nesting_mode":"list","block":{"attributes":{"is_enabled":{"type":"bool","description_kind":"plain","optional":true,"computed":true}},"description_kind":"plain"},"max_items":1},"execution_log":{"nesting_mode":"list","block":{"attributes":{"is_enabled":{"type":"bool","description_kind":"plain","optional":true,"computed":true},"log_level":{"type":"string","description_kind":"plain","optional":true,"computed":true}},"description_kind":"plain"},"max_items":1}},"description_kind":"plain"},"max_items":1},"request_policies":{"nesting_mode":"list","block":{"block_types":{"authentication":{"nesting_mode":"list","block":{"attributes":{"audiences":{"type":["list","string"],"description_kind":"plain","optional":true,"computed":true},"function_id":{"type":"string","description_kind":"plain","optional":true,"computed":true},"is_anonymous_access_allowed":{"type":"bool","description_kind":"plain","optional":true,"computed":true},"issuers":{"type":["list","string"],"description_kind":"plain","optional":true,"computed":true},"max_clock_skew_in_seconds":{"type":"number","description_kind":"plain","optional":true,"computed":true},"token_auth_scheme":{"type":"string","description_kind":"plain","optional":true,"computed":true},"token_header":{"type":"string","description_kind":"plain","optional":true,"computed":true},"token_query_param":{"type":"string","description_kind":"plain","optional":true,"computed":true},"type":{"type":"string","description_kind":"plain","required":true}},"block_types":{"public_keys":{"nesting_mode":"list","block":{"attributes":{"is_ssl_verify_disabled":{"type":"bool","description_kind":"plain","optional":true,"computed":true},"max_cache_duration_in_hours":{"type":"number","description_kind":"plain","optional":true,"computed":true},"type":{"type":"string","description_kind":"plain","required":true},"uri":{"type":"string","description_kind":"plain","optional":true,"computed":true}},"block_types":{"keys":{"nesting_mode":"list","block":{"attributes":{"alg":{"type":"string","description_kind":"plain","optional":true,"computed":true},"e":{"type":"string","description_kind":"plain","optional":true,"computed":true},"format":{"type":"string","description_kind":"plain","required":true},"key":{"type":"string","description_kind":"plain","optional":true,"computed":true},"key_ops":{"type":["list","string"],"description_kind":"plain","optional":true,"computed":true},"kid":{"type":"string","description_kind":"plain","optional":true,"computed":true},"kty":{"type":"string","description_kind":"plain","optional":true,"computed":true},"n":{"type":"string","description_kind":"plain","optional":true,"computed":true},"use":{"type":"string","description_kind":"plain","optional":true,"computed":true}},"description_kind":"plain"}}},"description_kind":"plain"},"max_items":1},"verify_claims":{"nesting_mode":"list","block":{"attributes":{"is_required":{"type":"bool","description_kind":"plain","optional":true,"computed":true},"key":{"type":"string","description_kind":"plain","optional":true,"computed":true},"values":{"type":["list","string"],"description_kind":"plain","optional":true,"computed":true}},"description_kind":"plain"}}},"description_kind":"plain"},"max_items":1},"cors":{"nesting_mode":"list","block":{"attributes":{"allowed_headers":{"type":["list","string"],"description_kind":"plain","optional":true,"computed":true},"allowed_methods":{"type":["list","string"],"description_kind":"plain","optional":true,"computed":true},"allowed_origins":{"type":["list","string"],"description_kind":"plain","required":true},"exposed_headers":{"type":["list","string"],"description_kind":"plain","optional":true,"computed":true},"is_allow_credentials_enabled":{"type":"bool","description_kind":"plain","optional":true,"computed":true},"max_age_in_seconds":{"type":"number","description_kind":"plain","optional":true,"computed":true}},"description_kind":"plain"},"max_items":1},"rate_limiting":{"nesting_mode":"list","block":{"attributes":{"rate_in_requests_per_second":{"type":"number","description_kind":"plain","required":true},"rate_key":{"type":"string","description_kind":"plain","required":true}},"description_kind":"plain"},"max_items":1}},"description_kind":"plain"},"max_items":1},"routes":{"nesting_mode":"list","block":{"attributes":{"methods":{"type":["list","string"],"description_kind":"plain","optional":true,"computed":true},"path":{"type":"string","description_kind":"plain","required":true}},"block_types":{"backend":{"nesting_mode":"list","block":{"attributes":{"body":{"type":"string","description_kind":"plain","optional":true,"computed":true},"connect_timeout_in_seconds":{"type":"number","description_kind":"plain","optional":true,"computed":true},"function_id":{"type":"string","description_kind":"plain","optional":true,"computed":true},"is_ssl_verify_disabled":{"type":"bool","description_kind":"plain","optional":true,"computed":true},"read_timeout_in_seconds":{"type":"number","description_kind":"plain","optional":true,"computed":true},"send_timeout_in_seconds":{"type":"number","description_kind":"plain","optional":true,"computed":true},"status":{"type":"number","description_kind":"plain","optional":true,"computed":true},"type":{"type":"string","description_kind":"plain","required":true},"url":{"type":"string","description_kind":"plain","optional":true,"computed":true}},"block_types":{"headers":{"nesting_mode":"list","block":{"attributes":{"name":{"type":"string","description_kind":"plain","optional":true,"computed":true},"value":{"type":"string","description_kind":"plain","optional":true,"computed":true}},"description_kind":"plain"}}},"description_kind":"plain"},"min_items":1,"max_items":1},"logging_policies":{"nesting_mode":"list","block":{"block_types":{"access_log":{"nesting_mode":"list","block":{"attributes":{"is_enabled":{"type":"bool","description_kind":"plain","optional":true,"computed":true}},"description_kind":"plain"},"max_items":1},"execution_log":{"nesting_mode":"list","block":{"attributes":{"is_enabled":{"type":"bool","description_kind":"plain","optional":true,"computed":true},"log_level":{"type":"string","description_kind":"plain","optional":true,"computed":true}},"description_kind":"plain"},"max_items":1}},"description_kind":"plain"},"max_items":1},"request_policies":{"nesting_mode":"list","block":{"block_types":{"authorization":{"nesting_mode":"list","block":{"attributes":{"allowed_scope":{"type":["list","string"],"description_kind":"plain","optional":true,"computed":true},"type":{"type":"string","description_kind":"plain","optional":true,"computed":true}},"description_kind":"plain"},"max_items":1},"cors":{"nesting_mode":"list","block":{"attributes":{"allowed_headers":{"type":["list","string"],"description_kind":"plain","optional":true,"computed":true},"allowed_methods":{"type":["list","string"],"description_kind":"plain","optional":true,"computed":true},"allowed_origins":{"type":["list","string"],"description_kind":"plain","required":true},"exposed_headers":{"type":["list","string"],"description_kind":"plain","optional":true,"computed":true},"is_allow_credentials_enabled":{"type":"bool","description_kind":"plain","optional":true,"computed":true},"max_age_in_seconds":{"type":"number","description_kind":"plain","optional":true,"computed":true}},"description_kind":"plain"},"max_items":1},"header_transformations":{"nesting_mode":"list","block":{"block_types":{"filter_headers":{"nesting_mode":"list","block":{"attributes":{"type":{"type":"string","description_kind":"plain","required":true}},"block_types":{"items":{"nesting_mode":"list","block":{"attributes":{"name":{"type":"string","description_kind":"plain","required":true}},"description_kind":"plain"},"min_items":1}},"description_kind":"plain"},"max_items":1},"rename_headers":{"nesting_mode":"list","block":{"block_types":{"items":{"nesting_mode":"list","block":{"attributes":{"from":{"type":"string","description_kind":"plain","required":true},"to":{"type":"string","description_kind":"plain","required":true}},"description_kind":"plain"},"min_items":1}},"description_kind":"plain"},"max_items":1},"set_headers":{"nesting_mode":"list","block":{"block_types":{"items":{"nesting_mode":"list","block":{"attributes":{"if_exists":{"type":"string","description_kind":"plain","optional":true,"computed":true},"name":{"type":"string","description_kind":"plain","required":true},"values":{"type":["list","string"],"description_kind":"plain","required":true}},"description_kind":"plain"},"min_items":1}},"description_kind":"plain"},"max_items":1}},"description_kind":"plain"},"max_items":1},"query_parameter_transformations":{"nesting_mode":"list","block":{"block_types":{"filter_query_parameters":{"nesting_mode":"list","block":{"attributes":{"type":{"type":"string","description_kind":"plain","required":true}},"block_types":{"items":{"nesting_mode":"list","block":{"attributes":{"name":{"type":"string","description_kind":"plain","required":true}},"description_kind":"plain"},"min_items":1}},"description_kind":"plain"},"max_items":1},"rename_query_parameters":{"nesting_mode":"list","block":{"block_types":{"items":{"nesting_mode":"list","block":{"attributes":{"from":{"type":"string","description_kind":"plain","required":true},"to":{"type":"string","description_kind":"plain","required":true}},"description_kind":"plain"},"min_items":1}},"description_kind":"plain"},"max_items":1},"set_query_parameters":{"nesting_mode":"list","block":{"block_types":{"items":{"nesting_mode":"list","block":{"attributes":{"if_exists":{"type":"string","description_kind":"plain","optional":true,"computed":true},"name":{"type":"string","description_kind":"plain","required":true},"values":{"type":["list","string"],"description_kind":"plain","required":true}},"description_kind":"plain"},"min_items":1}},"description_kind":"plain"},"max_items":1}},"description_kind":"plain"},"max_items":1}},"description_kind":"plain"},"max_items":1},"response_policies":{"nesting_mode":"list","block":{"block_types":{"header_transformations":{"nesting_mode":"list","block":{"block_types":{"filter_headers":{"nesting_mode":"list","block":{"attributes":{"type":{"type":"string","description_kind":"plain","required":true}},"block_types":{"items":{"nesting_mode":"list","block":{"attributes":{"name":{"type":"string","description_kind":"plain","required":true}},"description_kind":"plain"},"min_items":1}},"description_kind":"plain"},"max_items":1},"rename_headers":{"nesting_mode":"list","block":{"block_types":{"items":{"nesting_mode":"list","block":{"attributes":{"from":{"type":"string","description_kind":"plain","required":true},"to":{"type":"string","description_kind":"plain","required":true}},"description_kind":"plain"},"min_items":1}},"description_kind":"plain"},"max_items":1},"set_headers":{"nesting_mode":"list","block":{"block_types":{"items":{"nesting_mode":"list","block":{"attributes":{"if_exists":{"type":"string","description_kind":"plain","optional":true,"computed":true},"name":{"type":"string","description_kind":"plain","required":true},"values":{"type":["list","string"],"description_kind":"plain","required":true}},"description_kind":"plain"},"min_items":1}},"description_kind":"plain"},"max_items":1}},"description_kind":"plain"},"max_items":1}},"description_kind":"plain"},"max_items":1}},"description_kind":"plain"},"min_items":1}},"description_kind":"plain"},"min_items":1,"max_items":1},"timeouts":{"nesting_mode":"single","block":{"attributes":{"create":{"type":"string","description_kind":"plain","optional":true},"delete":{"type":"string","description_kind":"plain","optional":true},"update":{"type":"string","description_kind":"plain","optional":true}},"description_kind":"plain"}}},"description_kind":"plain"}},"oci_apigateway_gateway":{"version":0,"block":{"attributes":{"compartment_id":{"type":"string","description_kind":"plain","required":true},"defined_tags":{"type":["map","string"],"description_kind":"plain","optional":true,"computed":true},"display_name":{"type":"string","description_kind":"plain","optional":true,"computed":true},"endpoint_type":{"type":"string","description_kind":"plain","required":true},"freeform_tags":{"type":["map","string"],"description_kind":"plain","optional":true,"computed":true},"hostname":{"type":"string","description_kind":"plain","computed":true},"id":{"type":"string","description_kind":"plain","optional":true,"computed":true},"lifecycle_details":{"type":"string","description_kind":"plain","computed":true},"state":{"type":"string","description_kind":"plain","computed":true},"subnet_id":{"type":"string","description_kind":"plain","required":true},"time_created":{"type":"string","description_kind":"plain","computed":true},"time_updated":{"type":"string","description_kind":"plain","computed":true}},"block_types":{"timeouts":{"nesting_mode":"single","block":{"attributes":{"create":{"type":"string","description_kind":"plain","optional":true},"delete":{"type":"string","description_kind":"plain","optional":true},"update":{"type":"string","description_kind":"plain","optional":true}},"description_kind":"plain"}}},"description_kind":"plain"}},"oci_audit_configuration":{"version":0,"block":{"attributes":{"compartment_id":{"type":"string","description_kind":"plain","required":true},"id":{"type":"string","description_kind":"plain","optional":true,"computed":true},"retention_period_days":{"type":"number","description_kind":"plain","required":true}},"block_types":{"timeouts":{"nesting_mode":"single","block":{"attributes":{"create":{"type":"string","description_kind":"plain","optional":true},"delete":{"type":"string","description_kind":"plain","optional":true},"update":{"type":"string","description_kind":"plain","optional":true}},"description_kind":"plain"}}},"description_kind":"plain"}},"oci_autoscaling_auto_scaling_configuration":{"version":0,"block":{"attributes":{"compartment_id":{"type":"string","description_kind":"plain","required":true},"cool_down_in_seconds":{"type":"number","description_kind":"plain","optional":true,"computed":true},"defined_tags":{"type":["map","string"],"description_kind":"plain","optional":true,"computed":true},"display_name":{"type":"string","description_kind":"plain","optional":true,"computed":true},"freeform_tags":{"type":["map","string"],"description_kind":"plain","optional":true,"computed":true},"id":{"type":"string","description_kind":"plain","optional":true,"computed":true},"is_enabled":{"type":"bool","description_kind":"plain","optional":true,"computed":true},"max_resource_count":{"type":"number","description_kind":"plain","computed":true},"min_resource_count":{"type":"number","description_kind":"plain","computed":true},"time_created":{"type":"string","description_kind":"plain","computed":true}},"block_types":{"auto_scaling_resources":{"nesting_mode":"list","block":{"attributes":{"id":{"type":"string","description_kind":"plain","required":true},"type":{"type":"string","description_kind":"plain","required":true}},"description_kind":"plain"},"min_items":1,"max_items":1},"policies":{"nesting_mode":"list","block":{"attributes":{"display_name":{"type":"string","description_kind":"plain","optional":true,"computed":true},"id":{"type":"string","description_kind":"plain","computed":true},"is_enabled":{"type":"bool","description_kind":"plain","optional":true,"computed":true},"policy_type":{"type":"string","description_kind":"plain","required":true},"time_created":{"type":"string","description_kind":"plain","computed":true}},"block_types":{"capacity":{"nesting_mode":"list","block":{"attributes":{"initial":{"type":"number","description_kind":"plain","optional":true,"computed":true},"max":{"type":"number","description_kind":"plain","optional":true,"computed":true},"min":{"type":"number","description_kind":"plain","optional":true,"computed":true}},"description_kind":"plain"},"min_items":1,"max_items":1},"execution_schedule":{"nesting_mode":"list","block":{"attributes":{"expression":{"type":"string","description_kind":"plain","required":true},"timezone":{"type":"string","description_kind":"plain","required":true},"type":{"type":"string","description_kind":"plain","required":true}},"description_kind":"plain"},"max_items":1},"rules":{"nesting_mode":"set","block":{"attributes":{"display_name":{"type":"string","description_kind":"plain","required":true},"id":{"type":"string","description_kind":"plain","computed":true}},"block_types":{"action":{"nesting_mode":"list","block":{"attributes":{"type":{"type":"string","description_kind":"plain","optional":true,"computed":true},"value":{"type":"number","description_kind":"plain","optional":true,"computed":true}},"description_kind":"plain"},"max_items":1},"metric":{"nesting_mode":"list","block":{"attributes":{"metric_type":{"type":"string","description_kind":"plain","optional":true,"computed":true}},"block_types":{"threshold":{"nesting_mode":"list","block":{"attributes":{"operator":{"type":"string","description_kind":"plain","optional":true,"computed":true},"value":{"type":"number","description_kind":"plain","optional":true,"computed":true}},"description_kind":"plain"},"max_items":1}},"description_kind":"plain"},"max_items":1}},"description_kind":"plain"}}},"description_kind":"plain"},"min_items":1},"timeouts":{"nesting_mode":"single","block":{"attributes":{"create":{"type":"string","description_kind":"plain","optional":true},"delete":{"type":"string","description_kind":"plain","optional":true},"update":{"type":"string","description_kind":"plain","optional":true}},"description_kind":"plain"}}},"description_kind":"plain"}},"oci_bds_bds_instance":{"version":0,"block":{"attributes":{"cluster_admin_password":{"type":"string","description_kind":"plain","required":true,"sensitive":true},"cluster_details":{"type":["list",["object",{"bd_cell_version":"string","bda_version":"string","bdm_version":"string","bds_version":"string","big_data_manager_url":"string","cloudera_manager_url":"string","csql_cell_version":"string","db_version":"string","hue_server_url":"string","os_version":"string","time_created":"string","time_refreshed":"string"}]],"description_kind":"plain","computed":true},"cluster_public_key":{"type":"string","description_kind":"plain","required":true},"cluster_version":{"type":"string","description_kind":"plain","required":true},"compartment_id":{"type":"string","description_kind":"plain","required":true},"created_by":{"type":"string","description_kind":"plain","computed":true},"defined_tags":{"type":["map","string"],"description_kind":"plain","optional":true,"computed":true},"display_name":{"type":"string","description_kind":"plain","required":true},"freeform_tags":{"type":["map","string"],"description_kind":"plain","optional":true,"computed":true},"id":{"type":"string","description_kind":"plain","optional":true,"computed":true},"is_cloud_sql_configured":{"type":"bool","description_kind":"plain","optional":true,"computed":true},"is_high_availability":{"type":"bool","description_kind":"plain","required":true},"is_secure":{"type":"bool","description_kind":"plain","required":true},"nodes":{"type":["list",["object",{"attached_block_volumes":["list",["object",{"volume_attachment_id":"string","volume_size_in_gbs":"string"}]],"availability_domain":"string","display_name":"string","fault_domain":"string","image_id":"string","instance_id":"string","ip_address":"string","node_type":"string","shape":"string","ssh_fingerprint":"string","state":"string","subnet_id":"string","time_created":"string"}]],"description_kind":"plain","computed":true},"number_of_nodes":{"type":"number","description_kind":"plain","computed":true},"state":{"type":"string","description_kind":"plain","computed":true},"time_created":{"type":"string","description_kind":"plain","computed":true},"time_updated":{"type":"string","description_kind":"plain","computed":true}},"block_types":{"cloud_sql_details":{"nesting_mode":"list","block":{"attributes":{"block_volume_size_in_gbs":{"type":"string","description_kind":"plain","required":true},"ip_address":{"type":"string","description_kind":"plain","computed":true},"is_kerberos_mapped_to_database_users":{"type":"bool","description_kind":"plain","computed":true},"kerberos_details":{"type":["list",["object",{"keytab_file":"string","principal_name":"string"}]],"description_kind":"plain","computed":true},"shape":{"type":"string","description_kind":"plain","required":true}},"description_kind":"plain"},"max_items":1},"master_node":{"nesting_mode":"list","block":{"attributes":{"block_volume_size_in_gbs":{"type":"string","description_kind":"plain","required":true},"number_of_nodes":{"type":"number","description_kind":"plain","required":true},"shape":{"type":"string","description_kind":"plain","required":true},"subnet_id":{"type":"string","description_kind":"plain","required":true}},"description_kind":"plain"},"min_items":1,"max_items":1},"network_config":{"nesting_mode":"list","block":{"attributes":{"cidr_block":{"type":"string","description_kind":"plain","optional":true,"computed":true},"is_nat_gateway_required":{"type":"bool","description_kind":"plain","optional":true,"computed":true}},"description_kind":"plain"},"max_items":1},"timeouts":{"nesting_mode":"single","block":{"attributes":{"create":{"type":"string","description_kind":"plain","optional":true},"delete":{"type":"string","description_kind":"plain","optional":true},"update":{"type":"string","description_kind":"plain","optional":true}},"description_kind":"plain"}},"util_node":{"nesting_mode":"list","block":{"attributes":{"block_volume_size_in_gbs":{"type":"string","description_kind":"plain","required":true},"number_of_nodes":{"type":"number","description_kind":"plain","required":true},"shape":{"type":"string","description_kind":"plain","required":true},"subnet_id":{"type":"string","description_kind":"plain","required":true}},"description_kind":"plain"},"min_items":1,"max_items":1},"worker_node":{"nesting_mode":"list","block":{"attributes":{"block_volume_size_in_gbs":{"type":"string","description_kind":"plain","required":true},"number_of_nodes":{"type":"number","description_kind":"plain","required":true},"shape":{"type":"string","description_kind":"plain","required":true},"subnet_id":{"type":"string","description_kind":"plain","required":true}},"description_kind":"plain"},"min_items":1,"max_items":1}},"description_kind":"plain"}},"oci_blockchain_blockchain_platform":{"version":0,"block":{"attributes":{"ca_cert_archive_text":{"type":"string","description_kind":"plain","optional":true,"computed":true},"compartment_id":{"type":"string","description_kind":"plain","required":true},"component_details":{"type":["list",["object",{"osns":["list",["object",{"ad":"string","ocpu_allocation_param":["list",["object",{"ocpu_allocation_number":"number"}]],"osn_key":"string","state":"string"}]],"peers":["list",["object",{"ad":"string","alias":"string","host":"string","ocpu_allocation_param":["list",["object",{"ocpu_allocation_number":"number"}]],"peer_key":"string","role":"string","state":"string"}]]}]],"description_kind":"plain","computed":true},"compute_shape":{"type":"string","description_kind":"plain","required":true},"defined_tags":{"type":["map","string"],"description_kind":"plain","optional":true,"computed":true},"description":{"type":"string","description_kind":"plain","optional":true,"computed":true},"display_name":{"type":"string","description_kind":"plain","required":true},"federated_user_id":{"type":"string","description_kind":"plain","optional":true,"computed":true},"freeform_tags":{"type":["map","string"],"description_kind":"plain","optional":true,"computed":true},"host_ocpu_utilization_info":{"type":["list",["object",{"host":"string","ocpu_capacity_number":"number","ocpu_utilization_number":"number"}]],"description_kind":"plain","computed":true},"id":{"type":"string","description_kind":"plain","optional":true,"computed":true},"idcs_access_token":{"type":"string","description_kind":"plain","optional":true,"sensitive":true},"is_byol":{"type":"bool","description_kind":"plain","optional":true,"computed":true},"is_multi_ad":{"type":"bool","description_kind":"plain","computed":true},"lifecycle_details":{"type":"string","description_kind":"plain","computed":true},"platform_role":{"type":"string","description_kind":"plain","required":true},"service_endpoint":{"type":"string","description_kind":"plain","computed":true},"service_version":{"type":"string","description_kind":"plain","computed":true},"state":{"type":"string","description_kind":"plain","computed":true},"storage_size_in_tbs":{"type":"number","description_kind":"plain","optional":true,"computed":true},"storage_used_in_tbs":{"type":"number","description_kind":"plain","computed":true},"time_created":{"type":"string","description_kind":"plain","computed":true},"time_updated":{"type":"string","description_kind":"plain","computed":true},"total_ocpu_capacity":{"type":"number","description_kind":"plain","optional":true,"computed":true}},"block_types":{"replicas":{"nesting_mode":"list","block":{"attributes":{"ca_count":{"type":"number","description_kind":"plain","optional":true,"computed":true},"console_count":{"type":"number","description_kind":"plain","optional":true,"computed":true},"proxy_count":{"type":"number","description_kind":"plain","optional":true,"computed":true}},"description_kind":"plain"},"max_items":1},"timeouts":{"nesting_mode":"single","block":{"attributes":{"create":{"type":"string","description_kind":"plain","optional":true},"delete":{"type":"string","description_kind":"plain","optional":true},"update":{"type":"string","description_kind":"plain","optional":true}},"description_kind":"plain"}}},"description_kind":"plain"}},"oci_blockchain_osn":{"version":0,"block":{"attributes":{"ad":{"type":"string","description_kind":"plain","required":true},"blockchain_platform_id":{"type":"string","description_kind":"plain","required":true},"id":{"type":"string","description_kind":"plain","optional":true,"computed":true},"osn_key":{"type":"string","description_kind":"plain","computed":true},"state":{"type":"string","description_kind":"plain","computed":true}},"block_types":{"ocpu_allocation_param":{"nesting_mode":"list","block":{"attributes":{"ocpu_allocation_number":{"type":"number","description_kind":"plain","required":true}},"description_kind":"plain"},"max_items":1},"timeouts":{"nesting_mode":"single","block":{"attributes":{"create":{"type":"string","description_kind":"plain","optional":true},"delete":{"type":"string","description_kind":"plain","optional":true},"update":{"type":"string","description_kind":"plain","optional":true}},"description_kind":"plain"}}},"description_kind":"plain"}},"oci_blockchain_peer":{"version":0,"block":{"attributes":{"ad":{"type":"string","description_kind":"plain","required":true},"alias":{"type":"string","description_kind":"plain","optional":true,"computed":true},"blockchain_platform_id":{"type":"string","description_kind":"plain","required":true},"host":{"type":"string","description_kind":"plain","computed":true},"id":{"type":"string","description_kind":"plain","optional":true,"computed":true},"peer_key":{"type":"string","description_kind":"plain","computed":true},"role":{"type":"string","description_kind":"plain","required":true},"state":{"type":"string","description_kind":"plain","computed":true}},"block_types":{"ocpu_allocation_param":{"nesting_mode":"list","block":{"attributes":{"ocpu_allocation_number":{"type":"number","description_kind":"plain","required":true}},"description_kind":"plain"},"min_items":1,"max_items":1},"timeouts":{"nesting_mode":"single","block":{"attributes":{"create":{"type":"string","description_kind":"plain","optional":true},"delete":{"type":"string","description_kind":"plain","optional":true},"update":{"type":"string","description_kind":"plain","optional":true}},"description_kind":"plain"}}},"description_kind":"plain"}},"oci_budget_alert_rule":{"version":0,"block":{"attributes":{"budget_id":{"type":"string","description_kind":"plain","required":true},"defined_tags":{"type":["map","string"],"description_kind":"plain","optional":true,"computed":true},"description":{"type":"string","description_kind":"plain","optional":true,"computed":true},"display_name":{"type":"string","description_kind":"plain","optional":true,"computed":true},"freeform_tags":{"type":["map","string"],"description_kind":"plain","optional":true,"computed":true},"id":{"type":"string","description_kind":"plain","optional":true,"computed":true},"message":{"type":"string","description_kind":"plain","optional":true,"computed":true},"recipients":{"type":"string","description_kind":"plain","optional":true},"state":{"type":"string","description_kind":"plain","computed":true},"threshold":{"type":"number","description_kind":"plain","required":true},"threshold_type":{"type":"string","description_kind":"plain","required":true},"time_created":{"type":"string","description_kind":"plain","computed":true},"time_updated":{"type":"string","description_kind":"plain","computed":true},"type":{"type":"string","description_kind":"plain","required":true},"version":{"type":"number","description_kind":"plain","computed":true}},"block_types":{"timeouts":{"nesting_mode":"single","block":{"attributes":{"create":{"type":"string","description_kind":"plain","optional":true},"delete":{"type":"string","description_kind":"plain","optional":true},"update":{"type":"string","description_kind":"plain","optional":true}},"description_kind":"plain"}}},"description_kind":"plain"}},"oci_budget_budget":{"version":0,"block":{"attributes":{"actual_spend":{"type":"number","description_kind":"plain","computed":true},"alert_rule_count":{"type":"number","description_kind":"plain","computed":true},"amount":{"type":"number","description_kind":"plain","required":true},"compartment_id":{"type":"string","description_kind":"plain","required":true},"defined_tags":{"type":["map","string"],"description_kind":"plain","optional":true,"computed":true},"description":{"type":"string","description_kind":"plain","optional":true,"computed":true},"display_name":{"type":"string","description_kind":"plain","optional":true,"computed":true},"forecasted_spend":{"type":"number","description_kind":"plain","computed":true},"freeform_tags":{"type":["map","string"],"description_kind":"plain","optional":true,"computed":true},"id":{"type":"string","description_kind":"plain","optional":true,"computed":true},"reset_period":{"type":"string","description_kind":"plain","required":true},"state":{"type":"string","description_kind":"plain","computed":true},"target_compartment_id":{"type":"string","description_kind":"plain","optional":true,"computed":true},"target_type":{"type":"string","description_kind":"plain","optional":true,"computed":true},"targets":{"type":["list","string"],"description_kind":"plain","optional":true,"computed":true},"time_created":{"type":"string","description_kind":"plain","computed":true},"time_spend_computed":{"type":"string","description_kind":"plain","computed":true},"time_updated":{"type":"string","description_kind":"plain","computed":true},"version":{"type":"number","description_kind":"plain","computed":true}},"block_types":{"timeouts":{"nesting_mode":"single","block":{"attributes":{"create":{"type":"string","description_kind":"plain","optional":true},"delete":{"type":"string","description_kind":"plain","optional":true},"update":{"type":"string","description_kind":"plain","optional":true}},"description_kind":"plain"}}},"description_kind":"plain"}},"oci_cloud_guard_cloud_guard_configuration":{"version":0,"block":{"attributes":{"compartment_id":{"type":"string","description_kind":"plain","required":true},"id":{"type":"string","description_kind":"plain","optional":true,"computed":true},"reporting_region":{"type":"string","description_kind":"plain","required":true},"self_manage_resources":{"type":"bool","description_kind":"plain","optional":true,"computed":true},"status":{"type":"string","description_kind":"plain","required":true}},"block_types":{"timeouts":{"nesting_mode":"single","block":{"attributes":{"create":{"type":"string","description_kind":"plain","optional":true},"delete":{"type":"string","description_kind":"plain","optional":true},"update":{"type":"string","description_kind":"plain","optional":true}},"description_kind":"plain"}}},"description_kind":"plain"}},"oci_cloud_guard_detector_recipe":{"version":0,"block":{"attributes":{"compartment_id":{"type":"string","description_kind":"plain","required":true},"defined_tags":{"type":["map","string"],"description_kind":"plain","optional":true,"computed":true},"description":{"type":"string","description_kind":"plain","optional":true,"computed":true},"detector":{"type":"string","description_kind":"plain","computed":true},"display_name":{"type":"string","description_kind":"plain","required":true},"effective_detector_rules":{"type":["list",["object",{"candidate_responder_rules":["list",["object",{"display_name":"string","id":"string","is_preferred":"bool"}]],"description":"string","details":["list",["object",{"condition":"string","configurations":["list",["object",{"config_key":"string","data_type":"string","name":"string","value":"string","values":["list",["object",{"list_type":"string","managed_list_type":"string","value":"string"}]]}]],"is_configuration_allowed":"bool","is_enabled":"bool","labels":["list","string"],"risk_level":"string"}]],"detector":"string","detector_rule_id":"string","display_name":"string","lifecycle_details":"string","managed_list_types":["list","string"],"recommendation":"string","resource_type":"string","service_type":"string","state":"string","time_created":"string","time_updated":"string"}]],"description_kind":"plain","computed":true},"freeform_tags":{"type":["map","string"],"description_kind":"plain","optional":true,"computed":true},"id":{"type":"string","description_kind":"plain","optional":true,"computed":true},"owner":{"type":"string","description_kind":"plain","computed":true},"source_detector_recipe_id":{"type":"string","description_kind":"plain","required":true},"state":{"type":"string","description_kind":"plain","computed":true},"system_tags":{"type":["map","string"],"description_kind":"plain","computed":true},"time_created":{"type":"string","description_kind":"plain","computed":true},"time_updated":{"type":"string","description_kind":"plain","computed":true}},"block_types":{"detector_rules":{"nesting_mode":"list","block":{"attributes":{"candidate_responder_rules":{"type":["list",["object",{"display_name":"string","id":"string","is_preferred":"bool"}]],"description_kind":"plain","computed":true},"description":{"type":"string","description_kind":"plain","computed":true},"detector":{"type":"string","description_kind":"plain","computed":true},"detector_rule_id":{"type":"string","description_kind":"plain","required":true},"display_name":{"type":"string","description_kind":"plain","computed":true},"lifecycle_details":{"type":"string","description_kind":"plain","computed":true},"managed_list_types":{"type":["list","string"],"description_kind":"plain","computed":true},"recommendation":{"type":"string","description_kind":"plain","computed":true},"resource_type":{"type":"string","description_kind":"plain","computed":true},"service_type":{"type":"string","description_kind":"plain","computed":true},"state":{"type":"string","description_kind":"plain","computed":true},"time_created":{"type":"string","description_kind":"plain","computed":true},"time_updated":{"type":"string","description_kind":"plain","computed":true}},"block_types":{"details":{"nesting_mode":"list","block":{"attributes":{"condition":{"type":"string","description_kind":"plain","optional":true,"computed":true},"is_configuration_allowed":{"type":"bool","description_kind":"plain","computed":true},"is_enabled":{"type":"bool","description_kind":"plain","required":true},"labels":{"type":["list","string"],"description_kind":"plain","optional":true,"computed":true},"risk_level":{"type":"string","description_kind":"plain","required":true}},"block_types":{"configurations":{"nesting_mode":"list","block":{"attributes":{"config_key":{"type":"string","description_kind":"plain","required":true},"data_type":{"type":"string","description_kind":"plain","optional":true,"computed":true},"name":{"type":"string","description_kind":"plain","required":true},"value":{"type":"string","description_kind":"plain","optional":true,"computed":true}},"block_types":{"values":{"nesting_mode":"list","block":{"attributes":{"list_type":{"type":"string","description_kind":"plain","required":true},"managed_list_type":{"type":"string","description_kind":"plain","required":true},"value":{"type":"string","description_kind":"plain","required":true}},"description_kind":"plain"}}},"description_kind":"plain"}}},"description_kind":"plain"},"min_items":1,"max_items":1}},"description_kind":"plain"}},"timeouts":{"nesting_mode":"single","block":{"attributes":{"create":{"type":"string","description_kind":"plain","optional":true},"delete":{"type":"string","description_kind":"plain","optional":true},"update":{"type":"string","description_kind":"plain","optional":true}},"description_kind":"plain"}}},"description_kind":"plain"}},"oci_cloud_guard_managed_list":{"version":0,"block":{"attributes":{"compartment_id":{"type":"string","description_kind":"plain","required":true},"defined_tags":{"type":["map","string"],"description_kind":"plain","optional":true,"computed":true},"description":{"type":"string","description_kind":"plain","optional":true,"computed":true},"display_name":{"type":"string","description_kind":"plain","required":true},"feed_provider":{"type":"string","description_kind":"plain","computed":true},"freeform_tags":{"type":["map","string"],"description_kind":"plain","optional":true,"computed":true},"id":{"type":"string","description_kind":"plain","optional":true,"computed":true},"is_editable":{"type":"bool","description_kind":"plain","computed":true},"lifecyle_details":{"type":"string","description_kind":"plain","computed":true},"list_items":{"type":["list","string"],"description_kind":"plain","optional":true,"computed":true},"list_type":{"type":"string","description_kind":"plain","optional":true,"computed":true},"source_managed_list_id":{"type":"string","description_kind":"plain","optional":true,"computed":true},"state":{"type":"string","description_kind":"plain","computed":true},"system_tags":{"type":["map","string"],"description_kind":"plain","computed":true},"time_created":{"type":"string","description_kind":"plain","computed":true},"time_updated":{"type":"string","description_kind":"plain","computed":true}},"block_types":{"timeouts":{"nesting_mode":"single","block":{"attributes":{"create":{"type":"string","description_kind":"plain","optional":true},"delete":{"type":"string","description_kind":"plain","optional":true},"update":{"type":"string","description_kind":"plain","optional":true}},"description_kind":"plain"}}},"description_kind":"plain"}},"oci_cloud_guard_responder_recipe":{"version":0,"block":{"attributes":{"compartment_id":{"type":"string","description_kind":"plain","required":true},"defined_tags":{"type":["map","string"],"description_kind":"plain","optional":true,"computed":true},"description":{"type":"string","description_kind":"plain","optional":true,"computed":true},"display_name":{"type":"string","description_kind":"plain","required":true},"effective_responder_rules":{"type":["list",["object",{"compartment_id":"string","description":"string","details":["list",["object",{"condition":"string","configurations":["list",["object",{"config_key":"string","name":"string","value":"string"}]],"is_enabled":"bool","mode":"string"}]],"display_name":"string","lifecycle_details":"string","policies":["list","string"],"responder_rule_id":"string","state":"string","supported_modes":["list","string"],"time_created":"string","time_updated":"string","type":"string"}]],"description_kind":"plain","computed":true},"freeform_tags":{"type":["map","string"],"description_kind":"plain","optional":true,"computed":true},"id":{"type":"string","description_kind":"plain","optional":true,"computed":true},"lifecycle_details":{"type":"string","description_kind":"plain","computed":true},"owner":{"type":"string","description_kind":"plain","computed":true},"source_responder_recipe_id":{"type":"string","description_kind":"plain","required":true},"state":{"type":"string","description_kind":"plain","computed":true},"system_tags":{"type":["map","string"],"description_kind":"plain","computed":true},"time_created":{"type":"string","description_kind":"plain","computed":true},"time_updated":{"type":"string","description_kind":"plain","computed":true}},"block_types":{"responder_rules":{"nesting_mode":"list","block":{"attributes":{"compartment_id":{"type":"string","description_kind":"plain","optional":true,"computed":true},"description":{"type":"string","description_kind":"plain","computed":true},"display_name":{"type":"string","description_kind":"plain","computed":true},"lifecycle_details":{"type":"string","description_kind":"plain","computed":true},"policies":{"type":["list","string"],"description_kind":"plain","computed":true},"responder_rule_id":{"type":"string","description_kind":"plain","required":true},"state":{"type":"string","description_kind":"plain","computed":true},"supported_modes":{"type":["list","string"],"description_kind":"plain","computed":true},"time_created":{"type":"string","description_kind":"plain","computed":true},"time_updated":{"type":"string","description_kind":"plain","computed":true},"type":{"type":"string","description_kind":"plain","computed":true}},"block_types":{"details":{"nesting_mode":"list","block":{"attributes":{"condition":{"type":"string","description_kind":"plain","computed":true},"configurations":{"type":["list",["object",{"config_key":"string","name":"string","value":"string"}]],"description_kind":"plain","computed":true},"is_enabled":{"type":"bool","description_kind":"plain","required":true},"mode":{"type":"string","description_kind":"plain","computed":true}},"description_kind":"plain"},"min_items":1,"max_items":1}},"description_kind":"plain"}},"timeouts":{"nesting_mode":"single","block":{"attributes":{"create":{"type":"string","description_kind":"plain","optional":true},"delete":{"type":"string","description_kind":"plain","optional":true},"update":{"type":"string","description_kind":"plain","optional":true}},"description_kind":"plain"}}},"description_kind":"plain"}},"oci_cloud_guard_target":{"version":0,"block":{"attributes":{"compartment_id":{"type":"string","description_kind":"plain","required":true},"defined_tags":{"type":["map","string"],"description_kind":"plain","optional":true,"computed":true},"description":{"type":"string","description_kind":"plain","optional":true,"computed":true},"display_name":{"type":"string","description_kind":"plain","required":true},"freeform_tags":{"type":["map","string"],"description_kind":"plain","optional":true,"computed":true},"id":{"type":"string","description_kind":"plain","optional":true,"computed":true},"inherited_by_compartments":{"type":["list","string"],"description_kind":"plain","computed":true},"lifecyle_details":{"type":"string","description_kind":"plain","computed":true},"recipe_count":{"type":"number","description_kind":"plain","computed":true},"state":{"type":"string","description_kind":"plain","optional":true,"computed":true},"system_tags":{"type":["map","string"],"description_kind":"plain","computed":true},"target_resource_id":{"type":"string","description_kind":"plain","required":true},"target_resource_type":{"type":"string","description_kind":"plain","required":true},"time_created":{"type":"string","description_kind":"plain","computed":true},"time_updated":{"type":"string","description_kind":"plain","computed":true}},"block_types":{"target_detector_recipes":{"nesting_mode":"list","block":{"attributes":{"compartment_id":{"type":"string","description_kind":"plain","computed":true},"description":{"type":"string","description_kind":"plain","computed":true},"detector":{"type":"string","description_kind":"plain","computed":true},"detector_recipe_id":{"type":"string","description_kind":"plain","required":true},"display_name":{"type":"string","description_kind":"plain","computed":true},"effective_detector_rules":{"type":["list",["object",{"description":"string","details":["list",["object",{"condition_groups":["list",["object",{"compartment_id":"string","condition":"string"}]],"configurations":["list",["object",{"config_key":"string","data_type":"string","name":"string","value":"string","values":["list",["object",{"list_type":"string","managed_list_type":"string","value":"string"}]]}]],"is_configuration_allowed":"bool","is_enabled":"bool","labels":["list","string"],"risk_level":"string"}]],"detector":"string","detector_rule_id":"string","display_name":"string","lifecycle_details":"string","managed_list_types":["list","string"],"recommendation":"string","resource_type":"string","service_type":"string","state":"string","time_created":"string","time_updated":"string"}]],"description_kind":"plain","computed":true},"id":{"type":"string","description_kind":"plain","computed":true},"owner":{"type":"string","description_kind":"plain","computed":true},"state":{"type":"string","description_kind":"plain","computed":true},"time_created":{"type":"string","description_kind":"plain","computed":true},"time_updated":{"type":"string","description_kind":"plain","computed":true}},"block_types":{"detector_rules":{"nesting_mode":"list","block":{"attributes":{"description":{"type":"string","description_kind":"plain","computed":true},"detector":{"type":"string","description_kind":"plain","computed":true},"detector_rule_id":{"type":"string","description_kind":"plain","required":true},"display_name":{"type":"string","description_kind":"plain","computed":true},"lifecycle_details":{"type":"string","description_kind":"plain","computed":true},"managed_list_types":{"type":["list","string"],"description_kind":"plain","computed":true},"recommendation":{"type":"string","description_kind":"plain","computed":true},"resource_type":{"type":"string","description_kind":"plain","computed":true},"service_type":{"type":"string","description_kind":"plain","computed":true},"state":{"type":"string","description_kind":"plain","computed":true},"time_created":{"type":"string","description_kind":"plain","computed":true},"time_updated":{"type":"string","description_kind":"plain","computed":true}},"block_types":{"details":{"nesting_mode":"list","block":{"attributes":{"configurations":{"type":["list",["object",{"config_key":"string","data_type":"string","name":"string","value":"string","values":["list",["object",{"list_type":"string","managed_list_type":"string","value":"string"}]]}]],"description_kind":"plain","computed":true},"is_configuration_allowed":{"type":"bool","description_kind":"plain","computed":true},"is_enabled":{"type":"bool","description_kind":"plain","computed":true},"labels":{"type":["list","string"],"description_kind":"plain","computed":true},"risk_level":{"type":"string","description_kind":"plain","computed":true}},"block_types":{"condition_groups":{"nesting_mode":"list","block":{"attributes":{"compartment_id":{"type":"string","description_kind":"plain","required":true},"condition":{"type":"string","description_kind":"plain","required":true}},"description_kind":"plain"}}},"description_kind":"plain"},"min_items":1,"max_items":1}},"description_kind":"plain"}}},"description_kind":"plain"}},"target_responder_recipes":{"nesting_mode":"list","block":{"attributes":{"compartment_id":{"type":"string","description_kind":"plain","computed":true},"description":{"type":"string","description_kind":"plain","computed":true},"display_name":{"type":"string","description_kind":"plain","computed":true},"effective_responder_rules":{"type":["list",["object",{"compartment_id":"string","description":"string","details":["list",["object",{"condition":"string","configurations":["list",["object",{"config_key":"string","name":"string","value":"string"}]],"is_enabled":"bool","mode":"string"}]],"display_name":"string","lifecycle_details":"string","policies":["list","string"],"responder_rule_id":"string","state":"string","supported_modes":["list","string"],"time_created":"string","time_updated":"string","type":"string"}]],"description_kind":"plain","computed":true},"id":{"type":"string","description_kind":"plain","computed":true},"owner":{"type":"string","description_kind":"plain","computed":true},"responder_recipe_id":{"type":"string","description_kind":"plain","required":true},"time_created":{"type":"string","description_kind":"plain","computed":true},"time_updated":{"type":"string","description_kind":"plain","computed":true}},"block_types":{"responder_rules":{"nesting_mode":"list","block":{"attributes":{"compartment_id":{"type":"string","description_kind":"plain","computed":true},"description":{"type":"string","description_kind":"plain","computed":true},"display_name":{"type":"string","description_kind":"plain","computed":true},"lifecycle_details":{"type":"string","description_kind":"plain","computed":true},"policies":{"type":["list","string"],"description_kind":"plain","computed":true},"responder_rule_id":{"type":"string","description_kind":"plain","required":true},"state":{"type":"string","description_kind":"plain","computed":true},"supported_modes":{"type":["list","string"],"description_kind":"plain","computed":true},"time_created":{"type":"string","description_kind":"plain","computed":true},"time_updated":{"type":"string","description_kind":"plain","computed":true},"type":{"type":"string","description_kind":"plain","computed":true}},"block_types":{"details":{"nesting_mode":"list","block":{"attributes":{"condition":{"type":"string","description_kind":"plain","optional":true,"computed":true},"is_enabled":{"type":"bool","description_kind":"plain","computed":true},"mode":{"type":"string","description_kind":"plain","optional":true,"computed":true}},"block_types":{"configurations":{"nesting_mode":"list","block":{"attributes":{"config_key":{"type":"string","description_kind":"plain","required":true},"name":{"type":"string","description_kind":"plain","required":true},"value":{"type":"string","description_kind":"plain","required":true}},"description_kind":"plain"}}},"description_kind":"plain"},"min_items":1,"max_items":1}},"description_kind":"plain"}}},"description_kind":"plain"}},"timeouts":{"nesting_mode":"single","block":{"attributes":{"create":{"type":"string","description_kind":"plain","optional":true},"delete":{"type":"string","description_kind":"plain","optional":true},"update":{"type":"string","description_kind":"plain","optional":true}},"description_kind":"plain"}}},"description_kind":"plain"}},"oci_containerengine_cluster":{"version":0,"block":{"attributes":{"available_kubernetes_upgrades":{"type":["list","string"],"description_kind":"plain","computed":true},"compartment_id":{"type":"string","description_kind":"plain","required":true},"endpoints":{"type":["list",["object",{"kubernetes":"string"}]],"description_kind":"plain","computed":true},"id":{"type":"string","description_kind":"plain","optional":true,"computed":true},"kms_key_id":{"type":"string","description_kind":"plain","optional":true,"computed":true},"kubernetes_version":{"type":"string","description_kind":"plain","required":true},"lifecycle_details":{"type":"string","description_kind":"plain","computed":true},"metadata":{"type":["list",["object",{"created_by_user_id":"string","created_by_work_request_id":"string","deleted_by_user_id":"string","deleted_by_work_request_id":"string","time_created":"string","time_deleted":"string","time_updated":"string","updated_by_user_id":"string","updated_by_work_request_id":"string"}]],"description_kind":"plain","computed":true},"name":{"type":"string","description_kind":"plain","required":true},"state":{"type":"string","description_kind":"plain","computed":true},"vcn_id":{"type":"string","description_kind":"plain","required":true}},"block_types":{"options":{"nesting_mode":"list","block":{"attributes":{"service_lb_subnet_ids":{"type":["list","string"],"description_kind":"plain","optional":true,"computed":true}},"block_types":{"add_ons":{"nesting_mode":"list","block":{"attributes":{"is_kubernetes_dashboard_enabled":{"type":"bool","description_kind":"plain","optional":true,"computed":true},"is_tiller_enabled":{"type":"bool","description_kind":"plain","optional":true,"computed":true}},"description_kind":"plain"},"max_items":1},"admission_controller_options":{"nesting_mode":"list","block":{"attributes":{"is_pod_security_policy_enabled":{"type":"bool","description_kind":"plain","optional":true,"computed":true}},"description_kind":"plain"},"max_items":1},"kubernetes_network_config":{"nesting_mode":"list","block":{"attributes":{"pods_cidr":{"type":"string","description_kind":"plain","optional":true,"computed":true},"services_cidr":{"type":"string","description_kind":"plain","optional":true,"computed":true}},"description_kind":"plain"},"max_items":1}},"description_kind":"plain"},"max_items":1},"timeouts":{"nesting_mode":"single","block":{"attributes":{"create":{"type":"string","description_kind":"plain","optional":true},"delete":{"type":"string","description_kind":"plain","optional":true},"update":{"type":"string","description_kind":"plain","optional":true}},"description_kind":"plain"}}},"description_kind":"plain"}},"oci_containerengine_node_pool":{"version":0,"block":{"attributes":{"cluster_id":{"type":"string","description_kind":"plain","required":true},"compartment_id":{"type":"string","description_kind":"plain","required":true},"id":{"type":"string","description_kind":"plain","optional":true,"computed":true},"kubernetes_version":{"type":"string","description_kind":"plain","required":true},"name":{"type":"string","description_kind":"plain","required":true},"node_image_id":{"type":"string","description_kind":"plain","optional":true,"computed":true},"node_image_name":{"type":"string","description_kind":"plain","optional":true,"computed":true},"node_metadata":{"type":["map","string"],"description_kind":"plain","optional":true,"computed":true},"node_shape":{"type":"string","description_kind":"plain","required":true},"node_source":{"type":["list",["object",{"image_id":"string","source_name":"string","source_type":"string"}]],"description_kind":"plain","computed":true},"nodes":{"type":["list",["object",{"availability_domain":"string","error":["list",["object",{"code":"string","message":"string","status":"string"}]],"fault_domain":"string","id":"string","kubernetes_version":"string","lifecycle_details":"string","name":"string","node_pool_id":"string","private_ip":"string","public_ip":"string","state":"string","subnet_id":"string"}]],"description_kind":"plain","computed":true},"quantity_per_subnet":{"type":"number","description_kind":"plain","optional":true,"computed":true},"ssh_public_key":{"type":"string","description_kind":"plain","optional":true,"computed":true},"subnet_ids":{"type":["set","string"],"description_kind":"plain","optional":true,"computed":true}},"block_types":{"initial_node_labels":{"nesting_mode":"list","block":{"attributes":{"key":{"type":"string","description_kind":"plain","optional":true,"computed":true},"value":{"type":"string","description_kind":"plain","optional":true,"computed":true}},"description_kind":"plain"}},"node_config_details":{"nesting_mode":"list","block":{"attributes":{"size":{"type":"number","description_kind":"plain","required":true}},"block_types":{"placement_configs":{"nesting_mode":"set","block":{"attributes":{"availability_domain":{"type":"string","description_kind":"plain","required":true},"subnet_id":{"type":"string","description_kind":"plain","required":true}},"description_kind":"plain"},"min_items":1}},"description_kind":"plain"},"max_items":1},"node_shape_config":{"nesting_mode":"list","block":{"attributes":{"ocpus":{"type":"number","description_kind":"plain","optional":true,"computed":true}},"description_kind":"plain"},"max_items":1},"node_source_details":{"nesting_mode":"list","block":{"attributes":{"boot_volume_size_in_gbs":{"type":"string","description_kind":"plain","optional":true,"computed":true},"image_id":{"type":"string","description_kind":"plain","required":true},"source_type":{"type":"string","description_kind":"plain","required":true}},"description_kind":"plain"},"max_items":1},"timeouts":{"nesting_mode":"single","block":{"attributes":{"create":{"type":"string","description_kind":"plain","optional":true},"delete":{"type":"string","description_kind":"plain","optional":true},"update":{"type":"string","description_kind":"plain","optional":true}},"description_kind":"plain"}}},"description_kind":"plain"}},"oci_core_app_catalog_listing_resource_version_agreement":{"version":0,"block":{"attributes":{"eula_link":{"type":"string","description_kind":"plain","computed":true},"id":{"type":"string","description_kind":"plain","optional":true,"computed":true},"listing_id":{"type":"string","description_kind":"plain","required":true},"listing_resource_version":{"type":"string","description_kind":"plain","required":true},"oracle_terms_of_use_link":{"type":"string","description_kind":"plain","computed":true},"signature":{"type":"string","description_kind":"plain","computed":true},"time_retrieved":{"type":"string","description_kind":"plain","computed":true}},"block_types":{"timeouts":{"nesting_mode":"single","block":{"attributes":{"create":{"type":"string","description_kind":"plain","optional":true},"delete":{"type":"string","description_kind":"plain","optional":true},"update":{"type":"string","description_kind":"plain","optional":true}},"description_kind":"plain"}}},"description_kind":"plain"}},"oci_core_app_catalog_subscription":{"version":0,"block":{"attributes":{"compartment_id":{"type":"string","description_kind":"plain","required":true},"display_name":{"type":"string","description_kind":"plain","computed":true},"eula_link":{"type":"string","description_kind":"plain","required":true},"id":{"type":"string","description_kind":"plain","optional":true,"computed":true},"listing_id":{"type":"string","description_kind":"plain","required":true},"listing_resource_id":{"type":"string","description_kind":"plain","computed":true},"listing_resource_version":{"type":"string","description_kind":"plain","required":true},"oracle_terms_of_use_link":{"type":"string","description_kind":"plain","required":true},"publisher_name":{"type":"string","description_kind":"plain","computed":true},"signature":{"type":"string","description_kind":"plain","required":true},"summary":{"type":"string","description_kind":"plain","computed":true},"time_created":{"type":"string","description_kind":"plain","computed":true},"time_retrieved":{"type":"string","description_kind":"plain","required":true}},"block_types":{"timeouts":{"nesting_mode":"single","block":{"attributes":{"create":{"type":"string","description_kind":"plain","optional":true},"delete":{"type":"string","description_kind":"plain","optional":true},"update":{"type":"string","description_kind":"plain","optional":true}},"description_kind":"plain"}}},"description_kind":"plain"}},"oci_core_boot_volume":{"version":0,"block":{"attributes":{"auto_tuned_vpus_per_gb":{"type":"string","description_kind":"plain","computed":true},"availability_domain":{"type":"string","description_kind":"plain","required":true},"backup_policy_id":{"type":"string","description_kind":"plain","optional":true,"computed":true},"compartment_id":{"type":"string","description_kind":"plain","required":true},"defined_tags":{"type":["map","string"],"description_kind":"plain","optional":true,"computed":true},"display_name":{"type":"string","description_kind":"plain","optional":true,"computed":true},"freeform_tags":{"type":["map","string"],"description_kind":"plain","optional":true,"computed":true},"id":{"type":"string","description_kind":"plain","optional":true,"computed":true},"image_id":{"type":"string","description_kind":"plain","computed":true},"is_auto_tune_enabled":{"type":"bool","description_kind":"plain","optional":true,"computed":true},"is_hydrated":{"type":"bool","description_kind":"plain","computed":true},"kms_key_id":{"type":"string","description_kind":"plain","optional":true,"computed":true},"size_in_gbs":{"type":"string","description_kind":"plain","optional":true,"computed":true},"size_in_mbs":{"type":"string","description_kind":"plain","computed":true},"state":{"type":"string","description_kind":"plain","computed":true},"system_tags":{"type":["map","string"],"description_kind":"plain","computed":true},"time_created":{"type":"string","description_kind":"plain","computed":true},"volume_group_id":{"type":"string","description_kind":"plain","computed":true},"vpus_per_gb":{"type":"string","description_kind":"plain","optional":true,"computed":true}},"block_types":{"source_details":{"nesting_mode":"list","block":{"attributes":{"id":{"type":"string","description_kind":"plain","required":true},"type":{"type":"string","description_kind":"plain","required":true}},"description_kind":"plain"},"min_items":1,"max_items":1},"timeouts":{"nesting_mode":"single","block":{"attributes":{"create":{"type":"string","description_kind":"plain","optional":true},"delete":{"type":"string","description_kind":"plain","optional":true},"update":{"type":"string","description_kind":"plain","optional":true}},"description_kind":"plain"}}},"description_kind":"plain"}},"oci_core_boot_volume_backup":{"version":0,"block":{"attributes":{"boot_volume_id":{"type":"string","description_kind":"plain","optional":true,"computed":true},"compartment_id":{"type":"string","description_kind":"plain","optional":true,"computed":true},"defined_tags":{"type":["map","string"],"description_kind":"plain","optional":true,"computed":true},"display_name":{"type":"string","description_kind":"plain","optional":true,"computed":true},"expiration_time":{"type":"string","description_kind":"plain","computed":true},"freeform_tags":{"type":["map","string"],"description_kind":"plain","optional":true,"computed":true},"id":{"type":"string","description_kind":"plain","optional":true,"computed":true},"image_id":{"type":"string","description_kind":"plain","computed":true},"kms_key_id":{"type":"string","description_kind":"plain","computed":true},"size_in_gbs":{"type":"string","description_kind":"plain","computed":true},"source_boot_volume_backup_id":{"type":"string","description_kind":"plain","computed":true},"source_type":{"type":"string","description_kind":"plain","computed":true},"state":{"type":"string","description_kind":"plain","computed":true},"system_tags":{"type":["map","string"],"description_kind":"plain","computed":true},"time_created":{"type":"string","description_kind":"plain","computed":true},"time_request_received":{"type":"string","description_kind":"plain","computed":true},"type":{"type":"string","description_kind":"plain","optional":true,"computed":true},"unique_size_in_gbs":{"type":"string","description_kind":"plain","computed":true}},"block_types":{"source_details":{"nesting_mode":"list","block":{"attributes":{"boot_volume_backup_id":{"type":"string","description_kind":"plain","required":true},"kms_key_id":{"type":"string","description_kind":"plain","optional":true},"region":{"type":"string","description_kind":"plain","required":true}},"description_kind":"plain"},"max_items":1},"timeouts":{"nesting_mode":"single","block":{"attributes":{"create":{"type":"string","description_kind":"plain","optional":true},"delete":{"type":"string","description_kind":"plain","optional":true},"update":{"type":"string","description_kind":"plain","optional":true}},"description_kind":"plain"}}},"description_kind":"plain"}},"oci_core_cluster_network":{"version":0,"block":{"attributes":{"compartment_id":{"type":"string","description_kind":"plain","required":true},"defined_tags":{"type":["map","string"],"description_kind":"plain","optional":true,"computed":true},"display_name":{"type":"string","description_kind":"plain","optional":true,"computed":true},"freeform_tags":{"type":["map","string"],"description_kind":"plain","optional":true,"computed":true},"id":{"type":"string","description_kind":"plain","optional":true,"computed":true},"state":{"type":"string","description_kind":"plain","computed":true},"time_created":{"type":"string","description_kind":"plain","computed":true},"time_updated":{"type":"string","description_kind":"plain","computed":true}},"block_types":{"instance_pools":{"nesting_mode":"list","block":{"attributes":{"compartment_id":{"type":"string","description_kind":"plain","computed":true},"defined_tags":{"type":["map","string"],"description_kind":"plain","optional":true,"computed":true},"display_name":{"type":"string","description_kind":"plain","optional":true,"computed":true},"freeform_tags":{"type":["map","string"],"description_kind":"plain","optional":true,"computed":true},"id":{"type":"string","description_kind":"plain","computed":true},"instance_configuration_id":{"type":"string","description_kind":"plain","required":true},"load_balancers":{"type":["list",["object",{"backend_set_name":"string","id":"string","instance_pool_id":"string","load_balancer_id":"string","port":"number","state":"string","vnic_selection":"string"}]],"description_kind":"plain","computed":true},"placement_configurations":{"type":["list",["object",{"availability_domain":"string","fault_domains":["list","string"],"primary_subnet_id":"string","secondary_vnic_subnets":["list",["object",{"display_name":"string","subnet_id":"string"}]]}]],"description_kind":"plain","computed":true},"size":{"type":"number","description_kind":"plain","required":true},"state":{"type":"string","description_kind":"plain","computed":true},"time_created":{"type":"string","description_kind":"plain","computed":true}},"description_kind":"plain"},"min_items":1},"placement_configuration":{"nesting_mode":"list","block":{"attributes":{"availability_domain":{"type":"string","description_kind":"plain","required":true},"primary_subnet_id":{"type":"string","description_kind":"plain","required":true}},"block_types":{"secondary_vnic_subnets":{"nesting_mode":"set","block":{"attributes":{"display_name":{"type":"string","description_kind":"plain","optional":true,"computed":true},"subnet_id":{"type":"string","description_kind":"plain","required":true}},"description_kind":"plain"}}},"description_kind":"plain"},"min_items":1,"max_items":1},"timeouts":{"nesting_mode":"single","block":{"attributes":{"create":{"type":"string","description_kind":"plain","optional":true},"delete":{"type":"string","description_kind":"plain","optional":true},"update":{"type":"string","description_kind":"plain","optional":true}},"description_kind":"plain"}}},"description_kind":"plain"}},"oci_core_compute_image_capability_schema":{"version":0,"block":{"attributes":{"compartment_id":{"type":"string","description_kind":"plain","required":true},"compute_global_image_capability_schema_id":{"type":"string","description_kind":"plain","computed":true},"compute_global_image_capability_schema_version_name":{"type":"string","description_kind":"plain","required":true},"defined_tags":{"type":["map","string"],"description_kind":"plain","optional":true,"computed":true},"display_name":{"type":"string","description_kind":"plain","optional":true,"computed":true},"freeform_tags":{"type":["map","string"],"description_kind":"plain","optional":true,"computed":true},"id":{"type":"string","description_kind":"plain","optional":true,"computed":true},"image_id":{"type":"string","description_kind":"plain","required":true},"schema_data":{"type":["map","string"],"description_kind":"plain","required":true},"time_created":{"type":"string","description_kind":"plain","computed":true}},"block_types":{"timeouts":{"nesting_mode":"single","block":{"attributes":{"create":{"type":"string","description_kind":"plain","optional":true},"delete":{"type":"string","description_kind":"plain","optional":true},"update":{"type":"string","description_kind":"plain","optional":true}},"description_kind":"plain"}}},"description_kind":"plain"}},"oci_core_console_history":{"version":0,"block":{"attributes":{"availability_domain":{"type":"string","description_kind":"plain","computed":true},"compartment_id":{"type":"string","description_kind":"plain","computed":true},"defined_tags":{"type":["map","string"],"description_kind":"plain","optional":true,"computed":true},"display_name":{"type":"string","description_kind":"plain","optional":true,"computed":true},"freeform_tags":{"type":["map","string"],"description_kind":"plain","optional":true,"computed":true},"id":{"type":"string","description_kind":"plain","optional":true,"computed":true},"instance_id":{"type":"string","description_kind":"plain","required":true},"state":{"type":"string","description_kind":"plain","computed":true},"time_created":{"type":"string","description_kind":"plain","computed":true}},"block_types":{"timeouts":{"nesting_mode":"single","block":{"attributes":{"create":{"type":"string","description_kind":"plain","optional":true},"delete":{"type":"string","description_kind":"plain","optional":true},"update":{"type":"string","description_kind":"plain","optional":true}},"description_kind":"plain"}}},"description_kind":"plain"}},"oci_core_cpe":{"version":0,"block":{"attributes":{"compartment_id":{"type":"string","description_kind":"plain","required":true},"cpe_device_shape_id":{"type":"string","description_kind":"plain","optional":true,"computed":true},"defined_tags":{"type":["map","string"],"description_kind":"plain","optional":true,"computed":true},"display_name":{"type":"string","description_kind":"plain","optional":true,"computed":true},"freeform_tags":{"type":["map","string"],"description_kind":"plain","optional":true,"computed":true},"id":{"type":"string","description_kind":"plain","optional":true,"computed":true},"ip_address":{"type":"string","description_kind":"plain","required":true},"time_created":{"type":"string","description_kind":"plain","computed":true}},"block_types":{"timeouts":{"nesting_mode":"single","block":{"attributes":{"create":{"type":"string","description_kind":"plain","optional":true},"delete":{"type":"string","description_kind":"plain","optional":true},"update":{"type":"string","description_kind":"plain","optional":true}},"description_kind":"plain"}}},"description_kind":"plain"}},"oci_core_cross_connect":{"version":0,"block":{"attributes":{"compartment_id":{"type":"string","description_kind":"plain","required":true},"cross_connect_group_id":{"type":"string","description_kind":"plain","optional":true,"computed":true},"customer_reference_name":{"type":"string","description_kind":"plain","optional":true,"computed":true},"defined_tags":{"type":["map","string"],"description_kind":"plain","optional":true,"computed":true},"display_name":{"type":"string","description_kind":"plain","optional":true,"computed":true},"far_cross_connect_or_cross_connect_group_id":{"type":"string","description_kind":"plain","optional":true,"computed":true},"freeform_tags":{"type":["map","string"],"description_kind":"plain","optional":true,"computed":true},"id":{"type":"string","description_kind":"plain","optional":true,"computed":true},"is_active":{"type":"bool","description_kind":"plain","optional":true},"location_name":{"type":"string","description_kind":"plain","required":true},"near_cross_connect_or_cross_connect_group_id":{"type":"string","description_kind":"plain","optional":true,"computed":true},"port_name":{"type":"string","description_kind":"plain","computed":true},"port_speed_shape_name":{"type":"string","description_kind":"plain","required":true},"state":{"type":"string","description_kind":"plain","computed":true},"time_created":{"type":"string","description_kind":"plain","computed":true}},"block_types":{"timeouts":{"nesting_mode":"single","block":{"attributes":{"create":{"type":"string","description_kind":"plain","optional":true},"delete":{"type":"string","description_kind":"plain","optional":true},"update":{"type":"string","description_kind":"plain","optional":true}},"description_kind":"plain"}}},"description_kind":"plain"}},"oci_core_cross_connect_group":{"version":0,"block":{"attributes":{"compartment_id":{"type":"string","description_kind":"plain","required":true},"customer_reference_name":{"type":"string","description_kind":"plain","optional":true,"computed":true},"defined_tags":{"type":["map","string"],"description_kind":"plain","optional":true,"computed":true},"display_name":{"type":"string","description_kind":"plain","optional":true,"computed":true},"freeform_tags":{"type":["map","string"],"description_kind":"plain","optional":true,"computed":true},"id":{"type":"string","description_kind":"plain","optional":true,"computed":true},"state":{"type":"string","description_kind":"plain","computed":true},"time_created":{"type":"string","description_kind":"plain","computed":true}},"block_types":{"timeouts":{"nesting_mode":"single","block":{"attributes":{"create":{"type":"string","description_kind":"plain","optional":true},"delete":{"type":"string","description_kind":"plain","optional":true},"update":{"type":"string","description_kind":"plain","optional":true}},"description_kind":"plain"}}},"description_kind":"plain"}},"oci_core_dedicated_vm_host":{"version":0,"block":{"attributes":{"availability_domain":{"type":"string","description_kind":"plain","required":true},"compartment_id":{"type":"string","description_kind":"plain","required":true},"dedicated_vm_host_shape":{"type":"string","description_kind":"plain","required":true},"defined_tags":{"type":["map","string"],"description_kind":"plain","optional":true,"computed":true},"display_name":{"type":"string","description_kind":"plain","optional":true,"computed":true},"fault_domain":{"type":"string","description_kind":"plain","optional":true,"computed":true},"freeform_tags":{"type":["map","string"],"description_kind":"plain","optional":true,"computed":true},"id":{"type":"string","description_kind":"plain","optional":true,"computed":true},"remaining_ocpus":{"type":"number","description_kind":"plain","computed":true},"state":{"type":"string","description_kind":"plain","computed":true},"time_created":{"type":"string","description_kind":"plain","computed":true},"total_ocpus":{"type":"number","description_kind":"plain","computed":true}},"block_types":{"timeouts":{"nesting_mode":"single","block":{"attributes":{"create":{"type":"string","description_kind":"plain","optional":true},"delete":{"type":"string","description_kind":"plain","optional":true},"update":{"type":"string","description_kind":"plain","optional":true}},"description_kind":"plain"}}},"description_kind":"plain"}},"oci_core_default_dhcp_options":{"version":0,"block":{"attributes":{"defined_tags":{"type":["map","string"],"description_kind":"plain","optional":true,"computed":true},"display_name":{"type":"string","description_kind":"plain","optional":true,"computed":true},"freeform_tags":{"type":["map","string"],"description_kind":"plain","optional":true,"computed":true},"id":{"type":"string","description_kind":"plain","optional":true,"computed":true},"manage_default_resource_id":{"type":"string","description_kind":"plain","required":true},"state":{"type":"string","description_kind":"plain","computed":true},"time_created":{"type":"string","description_kind":"plain","computed":true}},"block_types":{"options":{"nesting_mode":"set","block":{"attributes":{"custom_dns_servers":{"type":["list","string"],"description_kind":"plain","optional":true},"search_domain_names":{"type":["list","string"],"description_kind":"plain","optional":true,"computed":true},"server_type":{"type":"string","description_kind":"plain","optional":true,"computed":true},"type":{"type":"string","description_kind":"plain","required":true}},"description_kind":"plain"},"min_items":1},"timeouts":{"nesting_mode":"single","block":{"attributes":{"create":{"type":"string","description_kind":"plain","optional":true},"delete":{"type":"string","description_kind":"plain","optional":true},"update":{"type":"string","description_kind":"plain","optional":true}},"description_kind":"plain"}}},"description_kind":"plain"}},"oci_core_default_route_table":{"version":0,"block":{"attributes":{"defined_tags":{"type":["map","string"],"description_kind":"plain","optional":true,"computed":true},"display_name":{"type":"string","description_kind":"plain","optional":true,"computed":true},"freeform_tags":{"type":["map","string"],"description_kind":"plain","optional":true,"computed":true},"id":{"type":"string","description_kind":"plain","optional":true,"computed":true},"manage_default_resource_id":{"type":"string","description_kind":"plain","required":true},"state":{"type":"string","description_kind":"plain","computed":true},"time_created":{"type":"string","description_kind":"plain","computed":true}},"block_types":{"route_rules":{"nesting_mode":"set","block":{"attributes":{"cidr_block":{"type":"string","description_kind":"plain","optional":true,"computed":true},"description":{"type":"string","description_kind":"plain","optional":true,"computed":true},"destination":{"type":"string","description_kind":"plain","optional":true,"computed":true},"destination_type":{"type":"string","description_kind":"plain","optional":true,"computed":true},"network_entity_id":{"type":"string","description_kind":"plain","required":true}},"description_kind":"plain"}},"timeouts":{"nesting_mode":"single","block":{"attributes":{"create":{"type":"string","description_kind":"plain","optional":true},"delete":{"type":"string","description_kind":"plain","optional":true},"update":{"type":"string","description_kind":"plain","optional":true}},"description_kind":"plain"}}},"description_kind":"plain"}},"oci_core_default_security_list":{"version":0,"block":{"attributes":{"defined_tags":{"type":["map","string"],"description_kind":"plain","optional":true,"computed":true},"display_name":{"type":"string","description_kind":"plain","optional":true,"computed":true},"freeform_tags":{"type":["map","string"],"description_kind":"plain","optional":true,"computed":true},"id":{"type":"string","description_kind":"plain","optional":true,"computed":true},"manage_default_resource_id":{"type":"string","description_kind":"plain","required":true},"state":{"type":"string","description_kind":"plain","computed":true},"time_created":{"type":"string","description_kind":"plain","computed":true}},"block_types":{"egress_security_rules":{"nesting_mode":"set","block":{"attributes":{"description":{"type":"string","description_kind":"plain","optional":true,"computed":true},"destination":{"type":"string","description_kind":"plain","required":true},"destination_type":{"type":"string","description_kind":"plain","optional":true,"computed":true},"protocol":{"type":"string","description_kind":"plain","required":true},"stateless":{"type":"bool","description_kind":"plain","optional":true,"computed":true}},"block_types":{"icmp_options":{"nesting_mode":"list","block":{"attributes":{"code":{"type":"number","description_kind":"plain","optional":true},"type":{"type":"number","description_kind":"plain","required":true}},"description_kind":"plain"},"max_items":1},"tcp_options":{"nesting_mode":"list","block":{"attributes":{"max":{"type":"number","description_kind":"plain","optional":true},"min":{"type":"number","description_kind":"plain","optional":true}},"block_types":{"source_port_range":{"nesting_mode":"list","block":{"attributes":{"max":{"type":"number","description_kind":"plain","required":true},"min":{"type":"number","description_kind":"plain","required":true}},"description_kind":"plain"},"max_items":1}},"description_kind":"plain"},"max_items":1},"udp_options":{"nesting_mode":"list","block":{"attributes":{"max":{"type":"number","description_kind":"plain","optional":true},"min":{"type":"number","description_kind":"plain","optional":true}},"block_types":{"source_port_range":{"nesting_mode":"list","block":{"attributes":{"max":{"type":"number","description_kind":"plain","required":true},"min":{"type":"number","description_kind":"plain","required":true}},"description_kind":"plain"},"max_items":1}},"description_kind":"plain"},"max_items":1}},"description_kind":"plain"}},"ingress_security_rules":{"nesting_mode":"set","block":{"attributes":{"description":{"type":"string","description_kind":"plain","optional":true,"computed":true},"protocol":{"type":"string","description_kind":"plain","required":true},"source":{"type":"string","description_kind":"plain","required":true},"source_type":{"type":"string","description_kind":"plain","optional":true,"computed":true},"stateless":{"type":"bool","description_kind":"plain","optional":true}},"block_types":{"icmp_options":{"nesting_mode":"list","block":{"attributes":{"code":{"type":"number","description_kind":"plain","optional":true},"type":{"type":"number","description_kind":"plain","required":true}},"description_kind":"plain"},"max_items":1},"tcp_options":{"nesting_mode":"list","block":{"attributes":{"max":{"type":"number","description_kind":"plain","optional":true},"min":{"type":"number","description_kind":"plain","optional":true}},"block_types":{"source_port_range":{"nesting_mode":"list","block":{"attributes":{"max":{"type":"number","description_kind":"plain","required":true},"min":{"type":"number","description_kind":"plain","required":true}},"description_kind":"plain"},"max_items":1}},"description_kind":"plain"},"max_items":1},"udp_options":{"nesting_mode":"list","block":{"attributes":{"max":{"type":"number","description_kind":"plain","optional":true},"min":{"type":"number","description_kind":"plain","optional":true}},"block_types":{"source_port_range":{"nesting_mode":"list","block":{"attributes":{"max":{"type":"number","description_kind":"plain","required":true},"min":{"type":"number","description_kind":"plain","required":true}},"description_kind":"plain"},"max_items":1}},"description_kind":"plain"},"max_items":1}},"description_kind":"plain"}},"timeouts":{"nesting_mode":"single","block":{"attributes":{"create":{"type":"string","description_kind":"plain","optional":true},"delete":{"type":"string","description_kind":"plain","optional":true},"update":{"type":"string","description_kind":"plain","optional":true}},"description_kind":"plain"}}},"description_kind":"plain"}},"oci_core_dhcp_options":{"version":0,"block":{"attributes":{"compartment_id":{"type":"string","description_kind":"plain","required":true},"defined_tags":{"type":["map","string"],"description_kind":"plain","optional":true,"computed":true},"display_name":{"type":"string","description_kind":"plain","optional":true,"computed":true},"freeform_tags":{"type":["map","string"],"description_kind":"plain","optional":true,"computed":true},"id":{"type":"string","description_kind":"plain","optional":true,"computed":true},"state":{"type":"string","description_kind":"plain","computed":true},"time_created":{"type":"string","description_kind":"plain","computed":true},"vcn_id":{"type":"string","description_kind":"plain","required":true}},"block_types":{"options":{"nesting_mode":"set","block":{"attributes":{"custom_dns_servers":{"type":["list","string"],"description_kind":"plain","optional":true},"search_domain_names":{"type":["list","string"],"description_kind":"plain","optional":true,"computed":true},"server_type":{"type":"string","description_kind":"plain","optional":true,"computed":true},"type":{"type":"string","description_kind":"plain","required":true}},"description_kind":"plain"},"min_items":1},"timeouts":{"nesting_mode":"single","block":{"attributes":{"create":{"type":"string","description_kind":"plain","optional":true},"delete":{"type":"string","description_kind":"plain","optional":true},"update":{"type":"string","description_kind":"plain","optional":true}},"description_kind":"plain"}}},"description_kind":"plain"}},"oci_core_drg":{"version":0,"block":{"attributes":{"compartment_id":{"type":"string","description_kind":"plain","required":true},"defined_tags":{"type":["map","string"],"description_kind":"plain","optional":true,"computed":true},"display_name":{"type":"string","description_kind":"plain","optional":true,"computed":true},"freeform_tags":{"type":["map","string"],"description_kind":"plain","optional":true,"computed":true},"id":{"type":"string","description_kind":"plain","optional":true,"computed":true},"redundancy_status":{"type":"string","description_kind":"plain","computed":true},"state":{"type":"string","description_kind":"plain","computed":true},"time_created":{"type":"string","description_kind":"plain","computed":true}},"block_types":{"timeouts":{"nesting_mode":"single","block":{"attributes":{"create":{"type":"string","description_kind":"plain","optional":true},"delete":{"type":"string","description_kind":"plain","optional":true},"update":{"type":"string","description_kind":"plain","optional":true}},"description_kind":"plain"}}},"description_kind":"plain"}},"oci_core_drg_attachment":{"version":0,"block":{"attributes":{"compartment_id":{"type":"string","description_kind":"plain","computed":true},"display_name":{"type":"string","description_kind":"plain","optional":true,"computed":true},"drg_id":{"type":"string","description_kind":"plain","required":true},"id":{"type":"string","description_kind":"plain","optional":true,"computed":true},"route_table_id":{"type":"string","description_kind":"plain","optional":true,"computed":true},"state":{"type":"string","description_kind":"plain","computed":true},"time_created":{"type":"string","description_kind":"plain","computed":true},"vcn_id":{"type":"string","description_kind":"plain","required":true}},"block_types":{"timeouts":{"nesting_mode":"single","block":{"attributes":{"create":{"type":"string","description_kind":"plain","optional":true},"delete":{"type":"string","description_kind":"plain","optional":true},"update":{"type":"string","description_kind":"plain","optional":true}},"description_kind":"plain"}}},"description_kind":"plain"}},"oci_core_image":{"version":0,"block":{"attributes":{"agent_features":{"type":["list",["object",{"is_management_supported":"bool","is_monitoring_supported":"bool"}]],"description_kind":"plain","computed":true},"base_image_id":{"type":"string","description_kind":"plain","computed":true},"compartment_id":{"type":"string","description_kind":"plain","required":true},"create_image_allowed":{"type":"bool","description_kind":"plain","computed":true},"defined_tags":{"type":["map","string"],"description_kind":"plain","optional":true,"computed":true},"display_name":{"type":"string","description_kind":"plain","optional":true,"computed":true},"freeform_tags":{"type":["map","string"],"description_kind":"plain","optional":true,"computed":true},"id":{"type":"string","description_kind":"plain","optional":true,"computed":true},"instance_id":{"type":"string","description_kind":"plain","optional":true},"launch_mode":{"type":"string","description_kind":"plain","optional":true,"computed":true},"launch_options":{"type":["list",["object",{"boot_volume_type":"string","firmware":"string","is_consistent_volume_naming_enabled":"bool","is_pv_encryption_in_transit_enabled":"bool","network_type":"string","remote_data_volume_type":"string"}]],"description_kind":"plain","computed":true},"operating_system":{"type":"string","description_kind":"plain","computed":true},"operating_system_version":{"type":"string","description_kind":"plain","computed":true},"size_in_mbs":{"type":"string","description_kind":"plain","computed":true},"state":{"type":"string","description_kind":"plain","computed":true},"time_created":{"type":"string","description_kind":"plain","computed":true}},"block_types":{"image_source_details":{"nesting_mode":"list","block":{"attributes":{"bucket_name":{"type":"string","description_kind":"plain","optional":true},"namespace_name":{"type":"string","description_kind":"plain","optional":true},"object_name":{"type":"string","description_kind":"plain","optional":true},"operating_system":{"type":"string","description_kind":"plain","optional":true},"operating_system_version":{"type":"string","description_kind":"plain","optional":true},"source_image_type":{"type":"string","description_kind":"plain","optional":true},"source_type":{"type":"string","description_kind":"plain","required":true},"source_uri":{"type":"string","description_kind":"plain","optional":true}},"description_kind":"plain"},"max_items":1},"timeouts":{"nesting_mode":"single","block":{"attributes":{"create":{"type":"string","description_kind":"plain","optional":true},"delete":{"type":"string","description_kind":"plain","optional":true},"update":{"type":"string","description_kind":"plain","optional":true}},"description_kind":"plain"}}},"description_kind":"plain"}},"oci_core_instance":{"version":0,"block":{"attributes":{"availability_domain":{"type":"string","description_kind":"plain","required":true},"boot_volume_id":{"type":"string","description_kind":"plain","computed":true},"compartment_id":{"type":"string","description_kind":"plain","required":true},"dedicated_vm_host_id":{"type":"string","description_kind":"plain","optional":true,"computed":true},"defined_tags":{"type":["map","string"],"description_kind":"plain","optional":true,"computed":true},"display_name":{"type":"string","description_kind":"plain","optional":true,"computed":true},"extended_metadata":{"type":["map","string"],"description_kind":"plain","optional":true},"fault_domain":{"type":"string","description_kind":"plain","optional":true,"computed":true},"freeform_tags":{"type":["map","string"],"description_kind":"plain","optional":true,"computed":true},"hostname_label":{"type":"string","description_kind":"plain","optional":true,"computed":true},"id":{"type":"string","description_kind":"plain","optional":true,"computed":true},"image":{"type":"string","description_kind":"plain","optional":true,"computed":true},"ipxe_script":{"type":"string","description_kind":"plain","optional":true,"computed":true},"is_pv_encryption_in_transit_enabled":{"type":"bool","description_kind":"plain","optional":true,"computed":true},"launch_mode":{"type":"string","description_kind":"plain","computed":true},"metadata":{"type":["map","string"],"description_kind":"plain","optional":true},"preserve_boot_volume":{"type":"bool","description_kind":"plain","optional":true},"private_ip":{"type":"string","description_kind":"plain","computed":true},"public_ip":{"type":"string","description_kind":"plain","computed":true},"region":{"type":"string","description_kind":"plain","computed":true},"shape":{"type":"string","description_kind":"plain","required":true},"state":{"type":"string","description_kind":"plain","optional":true,"computed":true},"subnet_id":{"type":"string","description_kind":"plain","optional":true,"computed":true},"system_tags":{"type":["map","string"],"description_kind":"plain","computed":true},"time_created":{"type":"string","description_kind":"plain","computed":true},"time_maintenance_reboot_due":{"type":"string","description_kind":"plain","computed":true}},"block_types":{"agent_config":{"nesting_mode":"list","block":{"attributes":{"is_management_disabled":{"type":"bool","description_kind":"plain","optional":true,"computed":true},"is_monitoring_disabled":{"type":"bool","description_kind":"plain","optional":true,"computed":true}},"description_kind":"plain"},"max_items":1},"availability_config":{"nesting_mode":"list","block":{"attributes":{"recovery_action":{"type":"string","description_kind":"plain","optional":true,"computed":true}},"description_kind":"plain"},"max_items":1},"create_vnic_details":{"nesting_mode":"list","block":{"attributes":{"assign_public_ip":{"type":"string","description_kind":"plain","optional":true},"defined_tags":{"type":["map","string"],"description_kind":"plain","optional":true,"computed":true},"display_name":{"type":"string","description_kind":"plain","optional":true,"computed":true},"freeform_tags":{"type":["map","string"],"description_kind":"plain","optional":true,"computed":true},"hostname_label":{"type":"string","description_kind":"plain","optional":true,"computed":true},"nsg_ids":{"type":["set","string"],"description_kind":"plain","optional":true},"private_ip":{"type":"string","description_kind":"plain","optional":true,"computed":true},"skip_source_dest_check":{"type":"bool","description_kind":"plain","optional":true,"computed":true},"subnet_id":{"type":"string","description_kind":"plain","optional":true,"computed":true},"vlan_id":{"type":"string","description_kind":"plain","optional":true,"computed":true}},"description_kind":"plain"},"max_items":1},"launch_options":{"nesting_mode":"list","block":{"attributes":{"boot_volume_type":{"type":"string","description_kind":"plain","optional":true,"computed":true},"firmware":{"type":"string","description_kind":"plain","optional":true,"computed":true},"is_consistent_volume_naming_enabled":{"type":"bool","description_kind":"plain","optional":true,"computed":true},"is_pv_encryption_in_transit_enabled":{"type":"bool","description_kind":"plain","optional":true,"computed":true},"network_type":{"type":"string","description_kind":"plain","optional":true,"computed":true},"remote_data_volume_type":{"type":"string","description_kind":"plain","optional":true,"computed":true}},"description_kind":"plain"},"max_items":1},"shape_config":{"nesting_mode":"list","block":{"attributes":{"gpu_description":{"type":"string","description_kind":"plain","computed":true},"gpus":{"type":"number","description_kind":"plain","computed":true},"local_disk_description":{"type":"string","description_kind":"plain","computed":true},"local_disks":{"type":"number","description_kind":"plain","computed":true},"local_disks_total_size_in_gbs":{"type":"number","description_kind":"plain","computed":true},"max_vnic_attachments":{"type":"number","description_kind":"plain","computed":true},"memory_in_gbs":{"type":"number","description_kind":"plain","computed":true},"networking_bandwidth_in_gbps":{"type":"number","description_kind":"plain","computed":true},"ocpus":{"type":"number","description_kind":"plain","optional":true,"computed":true},"processor_description":{"type":"string","description_kind":"plain","computed":true}},"description_kind":"plain"},"max_items":1},"source_details":{"nesting_mode":"list","block":{"attributes":{"boot_volume_size_in_gbs":{"type":"string","description_kind":"plain","optional":true,"computed":true},"kms_key_id":{"type":"string","description_kind":"plain","optional":true,"computed":true},"source_id":{"type":"string","description_kind":"plain","required":true},"source_type":{"type":"string","description_kind":"plain","required":true}},"description_kind":"plain"},"max_items":1},"timeouts":{"nesting_mode":"single","block":{"attributes":{"create":{"type":"string","description_kind":"plain","optional":true},"delete":{"type":"string","description_kind":"plain","optional":true},"update":{"type":"string","description_kind":"plain","optional":true}},"description_kind":"plain"}}},"description_kind":"plain"}},"oci_core_instance_configuration":{"version":0,"block":{"attributes":{"compartment_id":{"type":"string","description_kind":"plain","required":true},"deferred_fields":{"type":["list","string"],"description_kind":"plain","computed":true},"defined_tags":{"type":["map","string"],"description_kind":"plain","optional":true,"computed":true},"display_name":{"type":"string","description_kind":"plain","optional":true,"computed":true},"freeform_tags":{"type":["map","string"],"description_kind":"plain","optional":true,"computed":true},"id":{"type":"string","description_kind":"plain","optional":true,"computed":true},"instance_id":{"type":"string","description_kind":"plain","optional":true,"computed":true},"source":{"type":"string","description_kind":"plain","optional":true,"computed":true},"time_created":{"type":"string","description_kind":"plain","computed":true}},"block_types":{"instance_details":{"nesting_mode":"list","block":{"attributes":{"instance_type":{"type":"string","description_kind":"plain","required":true}},"block_types":{"block_volumes":{"nesting_mode":"list","block":{"attributes":{"volume_id":{"type":"string","description_kind":"plain","optional":true,"computed":true}},"block_types":{"attach_details":{"nesting_mode":"list","block":{"attributes":{"device":{"type":"string","description_kind":"plain","optional":true,"computed":true},"display_name":{"type":"string","description_kind":"plain","optional":true,"computed":true},"is_pv_encryption_in_transit_enabled":{"type":"bool","description_kind":"plain","optional":true,"computed":true},"is_read_only":{"type":"bool","description_kind":"plain","optional":true,"computed":true},"is_shareable":{"type":"bool","description_kind":"plain","optional":true,"computed":true},"type":{"type":"string","description_kind":"plain","required":true},"use_chap":{"type":"bool","description_kind":"plain","optional":true,"computed":true}},"description_kind":"plain"},"max_items":1},"create_details":{"nesting_mode":"list","block":{"attributes":{"availability_domain":{"type":"string","description_kind":"plain","optional":true,"computed":true},"backup_policy_id":{"type":"string","description_kind":"plain","optional":true,"computed":true},"compartment_id":{"type":"string","description_kind":"plain","optional":true,"computed":true},"defined_tags":{"type":["map","string"],"description_kind":"plain","optional":true,"computed":true},"display_name":{"type":"string","description_kind":"plain","optional":true,"computed":true},"freeform_tags":{"type":["map","string"],"description_kind":"plain","optional":true,"computed":true},"kms_key_id":{"type":"string","description_kind":"plain","optional":true,"computed":true},"size_in_gbs":{"type":"string","description_kind":"plain","optional":true,"computed":true},"vpus_per_gb":{"type":"string","description_kind":"plain","optional":true,"computed":true}},"block_types":{"source_details":{"nesting_mode":"list","block":{"attributes":{"id":{"type":"string","description_kind":"plain","optional":true,"computed":true},"type":{"type":"string","description_kind":"plain","required":true}},"description_kind":"plain"},"max_items":1}},"description_kind":"plain"},"max_items":1}},"description_kind":"plain"}},"launch_details":{"nesting_mode":"list","block":{"attributes":{"availability_domain":{"type":"string","description_kind":"plain","optional":true,"computed":true},"compartment_id":{"type":"string","description_kind":"plain","optional":true,"computed":true},"dedicated_vm_host_id":{"type":"string","description_kind":"plain","optional":true,"computed":true},"defined_tags":{"type":["map","string"],"description_kind":"plain","optional":true,"computed":true},"display_name":{"type":"string","description_kind":"plain","optional":true,"computed":true},"extended_metadata":{"type":["map","string"],"description_kind":"plain","optional":true,"computed":true},"fault_domain":{"type":"string","description_kind":"plain","optional":true,"computed":true},"freeform_tags":{"type":["map","string"],"description_kind":"plain","optional":true,"computed":true},"ipxe_script":{"type":"string","description_kind":"plain","optional":true,"computed":true},"is_pv_encryption_in_transit_enabled":{"type":"bool","description_kind":"plain","optional":true,"computed":true},"launch_mode":{"type":"string","description_kind":"plain","optional":true,"computed":true},"metadata":{"type":["map","string"],"description_kind":"plain","optional":true,"computed":true},"preferred_maintenance_action":{"type":"string","description_kind":"plain","optional":true,"computed":true},"shape":{"type":"string","description_kind":"plain","optional":true,"computed":true}},"block_types":{"agent_config":{"nesting_mode":"list","block":{"attributes":{"is_management_disabled":{"type":"bool","description_kind":"plain","optional":true,"computed":true},"is_monitoring_disabled":{"type":"bool","description_kind":"plain","optional":true,"computed":true}},"description_kind":"plain"},"max_items":1},"availability_config":{"nesting_mode":"list","block":{"attributes":{"recovery_action":{"type":"string","description_kind":"plain","optional":true,"computed":true}},"description_kind":"plain"},"max_items":1},"create_vnic_details":{"nesting_mode":"list","block":{"attributes":{"assign_public_ip":{"type":"bool","description_kind":"plain","optional":true,"computed":true},"defined_tags":{"type":["map","string"],"description_kind":"plain","optional":true,"computed":true},"display_name":{"type":"string","description_kind":"plain","optional":true,"computed":true},"freeform_tags":{"type":["map","string"],"description_kind":"plain","optional":true,"computed":true},"hostname_label":{"type":"string","description_kind":"plain","optional":true,"computed":true},"nsg_ids":{"type":["set","string"],"description_kind":"plain","optional":true},"private_ip":{"type":"string","description_kind":"plain","optional":true,"computed":true},"skip_source_dest_check":{"type":"bool","description_kind":"plain","optional":true,"computed":true},"subnet_id":{"type":"string","description_kind":"plain","optional":true,"computed":true}},"description_kind":"plain"},"max_items":1},"launch_options":{"nesting_mode":"list","block":{"attributes":{"boot_volume_type":{"type":"string","description_kind":"plain","optional":true,"computed":true},"firmware":{"type":"string","description_kind":"plain","optional":true,"computed":true},"is_consistent_volume_naming_enabled":{"type":"bool","description_kind":"plain","optional":true,"computed":true},"is_pv_encryption_in_transit_enabled":{"type":"bool","description_kind":"plain","optional":true,"computed":true},"network_type":{"type":"string","description_kind":"plain","optional":true,"computed":true},"remote_data_volume_type":{"type":"string","description_kind":"plain","optional":true,"computed":true}},"description_kind":"plain"},"max_items":1},"shape_config":{"nesting_mode":"list","block":{"attributes":{"ocpus":{"type":"number","description_kind":"plain","optional":true,"computed":true}},"description_kind":"plain"},"max_items":1},"source_details":{"nesting_mode":"list","block":{"attributes":{"boot_volume_id":{"type":"string","description_kind":"plain","optional":true,"computed":true},"boot_volume_size_in_gbs":{"type":"string","description_kind":"plain","optional":true,"computed":true},"image_id":{"type":"string","description_kind":"plain","optional":true,"computed":true},"source_type":{"type":"string","description_kind":"plain","required":true}},"description_kind":"plain"},"max_items":1}},"description_kind":"plain"},"max_items":1},"secondary_vnics":{"nesting_mode":"list","block":{"attributes":{"display_name":{"type":"string","description_kind":"plain","optional":true,"computed":true},"nic_index":{"type":"number","description_kind":"plain","optional":true,"computed":true}},"block_types":{"create_vnic_details":{"nesting_mode":"list","block":{"attributes":{"assign_public_ip":{"type":"bool","description_kind":"plain","optional":true,"computed":true},"defined_tags":{"type":["map","string"],"description_kind":"plain","optional":true,"computed":true},"display_name":{"type":"string","description_kind":"plain","optional":true,"computed":true},"freeform_tags":{"type":["map","string"],"description_kind":"plain","optional":true,"computed":true},"hostname_label":{"type":"string","description_kind":"plain","optional":true,"computed":true},"nsg_ids":{"type":["set","string"],"description_kind":"plain","optional":true},"private_ip":{"type":"string","description_kind":"plain","optional":true,"computed":true},"skip_source_dest_check":{"type":"bool","description_kind":"plain","optional":true,"computed":true},"subnet_id":{"type":"string","description_kind":"plain","optional":true,"computed":true}},"description_kind":"plain"},"max_items":1}},"description_kind":"plain"}}},"description_kind":"plain"},"max_items":1},"timeouts":{"nesting_mode":"single","block":{"attributes":{"create":{"type":"string","description_kind":"plain","optional":true},"delete":{"type":"string","description_kind":"plain","optional":true},"update":{"type":"string","description_kind":"plain","optional":true}},"description_kind":"plain"}}},"description_kind":"plain"}},"oci_core_instance_console_connection":{"version":0,"block":{"attributes":{"compartment_id":{"type":"string","description_kind":"plain","computed":true},"connection_string":{"type":"string","description_kind":"plain","computed":true},"defined_tags":{"type":["map","string"],"description_kind":"plain","optional":true,"computed":true},"fingerprint":{"type":"string","description_kind":"plain","computed":true},"freeform_tags":{"type":["map","string"],"description_kind":"plain","optional":true,"computed":true},"id":{"type":"string","description_kind":"plain","optional":true,"computed":true},"instance_id":{"type":"string","description_kind":"plain","required":true},"public_key":{"type":"string","description_kind":"plain","required":true},"state":{"type":"string","description_kind":"plain","computed":true},"vnc_connection_string":{"type":"string","description_kind":"plain","computed":true}},"block_types":{"timeouts":{"nesting_mode":"single","block":{"attributes":{"create":{"type":"string","description_kind":"plain","optional":true},"delete":{"type":"string","description_kind":"plain","optional":true},"update":{"type":"string","description_kind":"plain","optional":true}},"description_kind":"plain"}}},"description_kind":"plain"}},"oci_core_instance_pool":{"version":0,"block":{"attributes":{"actual_size":{"type":"number","description_kind":"plain","computed":true},"compartment_id":{"type":"string","description_kind":"plain","required":true},"defined_tags":{"type":["map","string"],"description_kind":"plain","optional":true,"computed":true},"display_name":{"type":"string","description_kind":"plain","optional":true,"computed":true},"freeform_tags":{"type":["map","string"],"description_kind":"plain","optional":true,"computed":true},"id":{"type":"string","description_kind":"plain","optional":true,"computed":true},"instance_configuration_id":{"type":"string","description_kind":"plain","required":true},"size":{"type":"number","description_kind":"plain","required":true},"state":{"type":"string","description_kind":"plain","optional":true,"computed":true},"time_created":{"type":"string","description_kind":"plain","computed":true}},"block_types":{"load_balancers":{"nesting_mode":"list","block":{"attributes":{"backend_set_name":{"type":"string","description_kind":"plain","required":true},"id":{"type":"string","description_kind":"plain","computed":true},"instance_pool_id":{"type":"string","description_kind":"plain","computed":true},"load_balancer_id":{"type":"string","description_kind":"plain","required":true},"port":{"type":"number","description_kind":"plain","required":true},"state":{"type":"string","description_kind":"plain","computed":true},"vnic_selection":{"type":"string","description_kind":"plain","required":true}},"description_kind":"plain"}},"placement_configurations":{"nesting_mode":"list","block":{"attributes":{"availability_domain":{"type":"string","description_kind":"plain","required":true},"fault_domains":{"type":["list","string"],"description_kind":"plain","optional":true,"computed":true},"primary_subnet_id":{"type":"string","description_kind":"plain","required":true}},"block_types":{"secondary_vnic_subnets":{"nesting_mode":"list","block":{"attributes":{"display_name":{"type":"string","description_kind":"plain","optional":true,"computed":true},"subnet_id":{"type":"string","description_kind":"plain","required":true}},"description_kind":"plain"}}},"description_kind":"plain"},"min_items":1},"timeouts":{"nesting_mode":"single","block":{"attributes":{"create":{"type":"string","description_kind":"plain","optional":true},"delete":{"type":"string","description_kind":"plain","optional":true},"update":{"type":"string","description_kind":"plain","optional":true}},"description_kind":"plain"}}},"description_kind":"plain"}},"oci_core_internet_gateway":{"version":0,"block":{"attributes":{"compartment_id":{"type":"string","description_kind":"plain","required":true},"defined_tags":{"type":["map","string"],"description_kind":"plain","optional":true,"computed":true},"display_name":{"type":"string","description_kind":"plain","optional":true,"computed":true},"enabled":{"type":"bool","description_kind":"plain","optional":true},"freeform_tags":{"type":["map","string"],"description_kind":"plain","optional":true,"computed":true},"id":{"type":"string","description_kind":"plain","optional":true,"computed":true},"state":{"type":"string","description_kind":"plain","computed":true},"time_created":{"type":"string","description_kind":"plain","computed":true},"vcn_id":{"type":"string","description_kind":"plain","required":true}},"block_types":{"timeouts":{"nesting_mode":"single","block":{"attributes":{"create":{"type":"string","description_kind":"plain","optional":true},"delete":{"type":"string","description_kind":"plain","optional":true},"update":{"type":"string","description_kind":"plain","optional":true}},"description_kind":"plain"}}},"description_kind":"plain"}},"oci_core_ipsec":{"version":0,"block":{"attributes":{"compartment_id":{"type":"string","description_kind":"plain","required":true},"cpe_id":{"type":"string","description_kind":"plain","required":true},"cpe_local_identifier":{"type":"string","description_kind":"plain","optional":true,"computed":true},"cpe_local_identifier_type":{"type":"string","description_kind":"plain","optional":true,"computed":true},"defined_tags":{"type":["map","string"],"description_kind":"plain","optional":true,"computed":true},"display_name":{"type":"string","description_kind":"plain","optional":true,"computed":true},"drg_id":{"type":"string","description_kind":"plain","required":true},"freeform_tags":{"type":["map","string"],"description_kind":"plain","optional":true,"computed":true},"id":{"type":"string","description_kind":"plain","optional":true,"computed":true},"state":{"type":"string","description_kind":"plain","computed":true},"static_routes":{"type":["list","string"],"description_kind":"plain","required":true},"time_created":{"type":"string","description_kind":"plain","computed":true}},"block_types":{"timeouts":{"nesting_mode":"single","block":{"attributes":{"create":{"type":"string","description_kind":"plain","optional":true},"delete":{"type":"string","description_kind":"plain","optional":true},"update":{"type":"string","description_kind":"plain","optional":true}},"description_kind":"plain"}}},"description_kind":"plain"}},"oci_core_ipsec_connection_tunnel_management":{"version":0,"block":{"attributes":{"compartment_id":{"type":"string","description_kind":"plain","computed":true},"cpe_ip":{"type":"string","description_kind":"plain","computed":true},"display_name":{"type":"string","description_kind":"plain","optional":true,"computed":true},"id":{"type":"string","description_kind":"plain","optional":true,"computed":true},"ike_version":{"type":"string","description_kind":"plain","optional":true,"computed":true},"ipsec_id":{"type":"string","description_kind":"plain","required":true},"routing":{"type":"string","description_kind":"plain","required":true},"shared_secret":{"type":"string","description_kind":"plain","optional":true,"computed":true},"state":{"type":"string","description_kind":"plain","computed":true},"status":{"type":"string","description_kind":"plain","computed":true},"time_created":{"type":"string","description_kind":"plain","computed":true},"time_status_updated":{"type":"string","description_kind":"plain","computed":true},"tunnel_id":{"type":"string","description_kind":"plain","required":true},"vpn_ip":{"type":"string","description_kind":"plain","computed":true}},"block_types":{"bgp_session_info":{"nesting_mode":"list","block":{"attributes":{"bgp_state":{"type":"string","description_kind":"plain","computed":true},"customer_bgp_asn":{"type":"string","description_kind":"plain","optional":true,"computed":true},"customer_interface_ip":{"type":"string","description_kind":"plain","optional":true,"computed":true},"oracle_bgp_asn":{"type":"string","description_kind":"plain","computed":true},"oracle_interface_ip":{"type":"string","description_kind":"plain","optional":true,"computed":true}},"description_kind":"plain"}},"timeouts":{"nesting_mode":"single","block":{"attributes":{"create":{"type":"string","description_kind":"plain","optional":true},"delete":{"type":"string","description_kind":"plain","optional":true},"update":{"type":"string","description_kind":"plain","optional":true}},"description_kind":"plain"}}},"description_kind":"plain"}},"oci_core_listing_resource_version_agreement":{"version":0,"block":{"attributes":{"eula_link":{"type":"string","description_kind":"plain","computed":true},"id":{"type":"string","description_kind":"plain","optional":true,"computed":true},"listing_id":{"type":"string","description_kind":"plain","required":true},"listing_resource_version":{"type":"string","description_kind":"plain","required":true},"oracle_terms_of_use_link":{"type":"string","description_kind":"plain","computed":true},"signature":{"type":"string","description_kind":"plain","computed":true},"time_retrieved":{"type":"string","description_kind":"plain","computed":true}},"block_types":{"timeouts":{"nesting_mode":"single","block":{"attributes":{"create":{"type":"string","description_kind":"plain","optional":true},"delete":{"type":"string","description_kind":"plain","optional":true},"update":{"type":"string","description_kind":"plain","optional":true}},"description_kind":"plain"}}},"description_kind":"plain"}},"oci_core_local_peering_gateway":{"version":0,"block":{"attributes":{"compartment_id":{"type":"string","description_kind":"plain","required":true},"defined_tags":{"type":["map","string"],"description_kind":"plain","optional":true,"computed":true},"display_name":{"type":"string","description_kind":"plain","optional":true,"computed":true},"freeform_tags":{"type":["map","string"],"description_kind":"plain","optional":true,"computed":true},"id":{"type":"string","description_kind":"plain","optional":true,"computed":true},"is_cross_tenancy_peering":{"type":"bool","description_kind":"plain","computed":true},"peer_advertised_cidr":{"type":"string","description_kind":"plain","computed":true},"peer_advertised_cidr_details":{"type":["list","string"],"description_kind":"plain","computed":true},"peer_id":{"type":"string","description_kind":"plain","optional":true},"peering_status":{"type":"string","description_kind":"plain","computed":true},"peering_status_details":{"type":"string","description_kind":"plain","computed":true},"route_table_id":{"type":"string","description_kind":"plain","optional":true,"computed":true},"state":{"type":"string","description_kind":"plain","computed":true},"time_created":{"type":"string","description_kind":"plain","computed":true},"vcn_id":{"type":"string","description_kind":"plain","required":true}},"block_types":{"timeouts":{"nesting_mode":"single","block":{"attributes":{"create":{"type":"string","description_kind":"plain","optional":true},"delete":{"type":"string","description_kind":"plain","optional":true},"update":{"type":"string","description_kind":"plain","optional":true}},"description_kind":"plain"}}},"description_kind":"plain"}},"oci_core_nat_gateway":{"version":0,"block":{"attributes":{"block_traffic":{"type":"bool","description_kind":"plain","optional":true,"computed":true},"compartment_id":{"type":"string","description_kind":"plain","required":true},"defined_tags":{"type":["map","string"],"description_kind":"plain","optional":true,"computed":true},"display_name":{"type":"string","description_kind":"plain","optional":true,"computed":true},"freeform_tags":{"type":["map","string"],"description_kind":"plain","optional":true,"computed":true},"id":{"type":"string","description_kind":"plain","optional":true,"computed":true},"nat_ip":{"type":"string","description_kind":"plain","computed":true},"state":{"type":"string","description_kind":"plain","computed":true},"time_created":{"type":"string","description_kind":"plain","computed":true},"vcn_id":{"type":"string","description_kind":"plain","required":true}},"block_types":{"timeouts":{"nesting_mode":"single","block":{"attributes":{"create":{"type":"string","description_kind":"plain","optional":true},"delete":{"type":"string","description_kind":"plain","optional":true},"update":{"type":"string","description_kind":"plain","optional":true}},"description_kind":"plain"}}},"description_kind":"plain"}},"oci_core_network_security_group":{"version":0,"block":{"attributes":{"compartment_id":{"type":"string","description_kind":"plain","required":true},"defined_tags":{"type":["map","string"],"description_kind":"plain","optional":true,"computed":true},"display_name":{"type":"string","description_kind":"plain","optional":true,"computed":true},"freeform_tags":{"type":["map","string"],"description_kind":"plain","optional":true,"computed":true},"id":{"type":"string","description_kind":"plain","optional":true,"computed":true},"state":{"type":"string","description_kind":"plain","computed":true},"time_created":{"type":"string","description_kind":"plain","computed":true},"vcn_id":{"type":"string","description_kind":"plain","required":true}},"block_types":{"timeouts":{"nesting_mode":"single","block":{"attributes":{"create":{"type":"string","description_kind":"plain","optional":true},"delete":{"type":"string","description_kind":"plain","optional":true},"update":{"type":"string","description_kind":"plain","optional":true}},"description_kind":"plain"}}},"description_kind":"plain"}},"oci_core_network_security_group_security_rule":{"version":0,"block":{"attributes":{"description":{"type":"string","description_kind":"plain","optional":true,"computed":true},"destination":{"type":"string","description_kind":"plain","optional":true,"computed":true},"destination_type":{"type":"string","description_kind":"plain","optional":true,"computed":true},"direction":{"type":"string","description_kind":"plain","required":true},"id":{"type":"string","description_kind":"plain","optional":true,"computed":true},"is_valid":{"type":"bool","description_kind":"plain","computed":true},"network_security_group_id":{"type":"string","description_kind":"plain","required":true},"protocol":{"type":"string","description_kind":"plain","required":true},"source":{"type":"string","description_kind":"plain","optional":true},"source_type":{"type":"string","description_kind":"plain","optional":true,"computed":true},"stateless":{"type":"bool","description_kind":"plain","optional":true,"computed":true},"time_created":{"type":"string","description_kind":"plain","computed":true}},"block_types":{"icmp_options":{"nesting_mode":"list","block":{"attributes":{"code":{"type":"number","description_kind":"plain","optional":true},"type":{"type":"number","description_kind":"plain","required":true}},"description_kind":"plain"},"max_items":1},"tcp_options":{"nesting_mode":"list","block":{"block_types":{"destination_port_range":{"nesting_mode":"list","block":{"attributes":{"max":{"type":"number","description_kind":"plain","required":true},"min":{"type":"number","description_kind":"plain","required":true}},"description_kind":"plain"},"max_items":1},"source_port_range":{"nesting_mode":"list","block":{"attributes":{"max":{"type":"number","description_kind":"plain","required":true},"min":{"type":"number","description_kind":"plain","required":true}},"description_kind":"plain"},"max_items":1}},"description_kind":"plain"},"max_items":1},"timeouts":{"nesting_mode":"single","block":{"attributes":{"create":{"type":"string","description_kind":"plain","optional":true},"delete":{"type":"string","description_kind":"plain","optional":true},"update":{"type":"string","description_kind":"plain","optional":true}},"description_kind":"plain"}},"udp_options":{"nesting_mode":"list","block":{"block_types":{"destination_port_range":{"nesting_mode":"list","block":{"attributes":{"max":{"type":"number","description_kind":"plain","required":true},"min":{"type":"number","description_kind":"plain","required":true}},"description_kind":"plain"},"max_items":1},"source_port_range":{"nesting_mode":"list","block":{"attributes":{"max":{"type":"number","description_kind":"plain","required":true},"min":{"type":"number","description_kind":"plain","required":true}},"description_kind":"plain"},"max_items":1}},"description_kind":"plain"},"max_items":1}},"description_kind":"plain"}},"oci_core_private_ip":{"version":0,"block":{"attributes":{"availability_domain":{"type":"string","description_kind":"plain","computed":true},"compartment_id":{"type":"string","description_kind":"plain","computed":true},"defined_tags":{"type":["map","string"],"description_kind":"plain","optional":true,"computed":true},"display_name":{"type":"string","description_kind":"plain","optional":true,"computed":true},"freeform_tags":{"type":["map","string"],"description_kind":"plain","optional":true,"computed":true},"hostname_label":{"type":"string","description_kind":"plain","optional":true,"computed":true},"id":{"type":"string","description_kind":"plain","optional":true,"computed":true},"ip_address":{"type":"string","description_kind":"plain","optional":true,"computed":true},"is_primary":{"type":"bool","description_kind":"plain","computed":true},"subnet_id":{"type":"string","description_kind":"plain","computed":true},"time_created":{"type":"string","description_kind":"plain","computed":true},"vlan_id":{"type":"string","description_kind":"plain","optional":true,"computed":true},"vnic_id":{"type":"string","description_kind":"plain","optional":true,"computed":true}},"block_types":{"timeouts":{"nesting_mode":"single","block":{"attributes":{"create":{"type":"string","description_kind":"plain","optional":true},"delete":{"type":"string","description_kind":"plain","optional":true},"update":{"type":"string","description_kind":"plain","optional":true}},"description_kind":"plain"}}},"description_kind":"plain"}},"oci_core_public_ip":{"version":0,"block":{"attributes":{"assigned_entity_id":{"type":"string","description_kind":"plain","computed":true},"assigned_entity_type":{"type":"string","description_kind":"plain","computed":true},"availability_domain":{"type":"string","description_kind":"plain","computed":true},"compartment_id":{"type":"string","description_kind":"plain","required":true},"defined_tags":{"type":["map","string"],"description_kind":"plain","optional":true,"computed":true},"display_name":{"type":"string","description_kind":"plain","optional":true,"computed":true},"freeform_tags":{"type":["map","string"],"description_kind":"plain","optional":true,"computed":true},"id":{"type":"string","description_kind":"plain","optional":true,"computed":true},"ip_address":{"type":"string","description_kind":"plain","computed":true},"lifetime":{"type":"string","description_kind":"plain","required":true},"private_ip_id":{"type":"string","description_kind":"plain","optional":true},"scope":{"type":"string","description_kind":"plain","computed":true},"state":{"type":"string","description_kind":"plain","computed":true},"time_created":{"type":"string","description_kind":"plain","computed":true}},"block_types":{"timeouts":{"nesting_mode":"single","block":{"attributes":{"create":{"type":"string","description_kind":"plain","optional":true},"delete":{"type":"string","description_kind":"plain","optional":true},"update":{"type":"string","description_kind":"plain","optional":true}},"description_kind":"plain"}}},"description_kind":"plain"}},"oci_core_remote_peering_connection":{"version":0,"block":{"attributes":{"compartment_id":{"type":"string","description_kind":"plain","required":true},"defined_tags":{"type":["map","string"],"description_kind":"plain","optional":true,"computed":true},"display_name":{"type":"string","description_kind":"plain","optional":true,"computed":true},"drg_id":{"type":"string","description_kind":"plain","required":true},"freeform_tags":{"type":["map","string"],"description_kind":"plain","optional":true,"computed":true},"id":{"type":"string","description_kind":"plain","optional":true,"computed":true},"is_cross_tenancy_peering":{"type":"bool","description_kind":"plain","computed":true},"peer_id":{"type":"string","description_kind":"plain","optional":true,"computed":true},"peer_region_name":{"type":"string","description_kind":"plain","optional":true,"computed":true},"peer_tenancy_id":{"type":"string","description_kind":"plain","computed":true},"peering_status":{"type":"string","description_kind":"plain","computed":true},"state":{"type":"string","description_kind":"plain","computed":true},"time_created":{"type":"string","description_kind":"plain","computed":true}},"block_types":{"timeouts":{"nesting_mode":"single","block":{"attributes":{"create":{"type":"string","description_kind":"plain","optional":true},"delete":{"type":"string","description_kind":"plain","optional":true},"update":{"type":"string","description_kind":"plain","optional":true}},"description_kind":"plain"}}},"description_kind":"plain"}},"oci_core_route_table":{"version":0,"block":{"attributes":{"compartment_id":{"type":"string","description_kind":"plain","required":true},"defined_tags":{"type":["map","string"],"description_kind":"plain","optional":true,"computed":true},"display_name":{"type":"string","description_kind":"plain","optional":true,"computed":true},"freeform_tags":{"type":["map","string"],"description_kind":"plain","optional":true,"computed":true},"id":{"type":"string","description_kind":"plain","optional":true,"computed":true},"state":{"type":"string","description_kind":"plain","computed":true},"time_created":{"type":"string","description_kind":"plain","computed":true},"vcn_id":{"type":"string","description_kind":"plain","required":true}},"block_types":{"route_rules":{"nesting_mode":"set","block":{"attributes":{"cidr_block":{"type":"string","description_kind":"plain","optional":true,"computed":true},"description":{"type":"string","description_kind":"plain","optional":true,"computed":true},"destination":{"type":"string","description_kind":"plain","optional":true,"computed":true},"destination_type":{"type":"string","description_kind":"plain","optional":true,"computed":true},"network_entity_id":{"type":"string","description_kind":"plain","required":true}},"description_kind":"plain"}},"timeouts":{"nesting_mode":"single","block":{"attributes":{"create":{"type":"string","description_kind":"plain","optional":true},"delete":{"type":"string","description_kind":"plain","optional":true},"update":{"type":"string","description_kind":"plain","optional":true}},"description_kind":"plain"}}},"description_kind":"plain"}},"oci_core_route_table_attachment":{"version":0,"block":{"attributes":{"id":{"type":"string","description_kind":"plain","optional":true,"computed":true},"route_table_id":{"type":"string","description_kind":"plain","required":true},"subnet_id":{"type":"string","description_kind":"plain","required":true}},"block_types":{"timeouts":{"nesting_mode":"single","block":{"attributes":{"create":{"type":"string","description_kind":"plain","optional":true},"delete":{"type":"string","description_kind":"plain","optional":true},"update":{"type":"string","description_kind":"plain","optional":true}},"description_kind":"plain"}}},"description_kind":"plain"}},"oci_core_security_list":{"version":0,"block":{"attributes":{"compartment_id":{"type":"string","description_kind":"plain","required":true},"defined_tags":{"type":["map","string"],"description_kind":"plain","optional":true,"computed":true},"display_name":{"type":"string","description_kind":"plain","optional":true,"computed":true},"freeform_tags":{"type":["map","string"],"description_kind":"plain","optional":true,"computed":true},"id":{"type":"string","description_kind":"plain","optional":true,"computed":true},"state":{"type":"string","description_kind":"plain","computed":true},"time_created":{"type":"string","description_kind":"plain","computed":true},"vcn_id":{"type":"string","description_kind":"plain","required":true}},"block_types":{"egress_security_rules":{"nesting_mode":"set","block":{"attributes":{"description":{"type":"string","description_kind":"plain","optional":true,"computed":true},"destination":{"type":"string","description_kind":"plain","required":true},"destination_type":{"type":"string","description_kind":"plain","optional":true,"computed":true},"protocol":{"type":"string","description_kind":"plain","required":true},"stateless":{"type":"bool","description_kind":"plain","optional":true,"computed":true}},"block_types":{"icmp_options":{"nesting_mode":"list","block":{"attributes":{"code":{"type":"number","description_kind":"plain","optional":true},"type":{"type":"number","description_kind":"plain","required":true}},"description_kind":"plain"},"max_items":1},"tcp_options":{"nesting_mode":"list","block":{"attributes":{"max":{"type":"number","description_kind":"plain","optional":true},"min":{"type":"number","description_kind":"plain","optional":true}},"block_types":{"source_port_range":{"nesting_mode":"list","block":{"attributes":{"max":{"type":"number","description_kind":"plain","required":true},"min":{"type":"number","description_kind":"plain","required":true}},"description_kind":"plain"},"max_items":1}},"description_kind":"plain"},"max_items":1},"udp_options":{"nesting_mode":"list","block":{"attributes":{"max":{"type":"number","description_kind":"plain","optional":true},"min":{"type":"number","description_kind":"plain","optional":true}},"block_types":{"source_port_range":{"nesting_mode":"list","block":{"attributes":{"max":{"type":"number","description_kind":"plain","required":true},"min":{"type":"number","description_kind":"plain","required":true}},"description_kind":"plain"},"max_items":1}},"description_kind":"plain"},"max_items":1}},"description_kind":"plain"}},"ingress_security_rules":{"nesting_mode":"set","block":{"attributes":{"description":{"type":"string","description_kind":"plain","optional":true,"computed":true},"protocol":{"type":"string","description_kind":"plain","required":true},"source":{"type":"string","description_kind":"plain","required":true},"source_type":{"type":"string","description_kind":"plain","optional":true,"computed":true},"stateless":{"type":"bool","description_kind":"plain","optional":true}},"block_types":{"icmp_options":{"nesting_mode":"list","block":{"attributes":{"code":{"type":"number","description_kind":"plain","optional":true},"type":{"type":"number","description_kind":"plain","required":true}},"description_kind":"plain"},"max_items":1},"tcp_options":{"nesting_mode":"list","block":{"attributes":{"max":{"type":"number","description_kind":"plain","optional":true},"min":{"type":"number","description_kind":"plain","optional":true}},"block_types":{"source_port_range":{"nesting_mode":"list","block":{"attributes":{"max":{"type":"number","description_kind":"plain","required":true},"min":{"type":"number","description_kind":"plain","required":true}},"description_kind":"plain"},"max_items":1}},"description_kind":"plain"},"max_items":1},"udp_options":{"nesting_mode":"list","block":{"attributes":{"max":{"type":"number","description_kind":"plain","optional":true},"min":{"type":"number","description_kind":"plain","optional":true}},"block_types":{"source_port_range":{"nesting_mode":"list","block":{"attributes":{"max":{"type":"number","description_kind":"plain","required":true},"min":{"type":"number","description_kind":"plain","required":true}},"description_kind":"plain"},"max_items":1}},"description_kind":"plain"},"max_items":1}},"description_kind":"plain"}},"timeouts":{"nesting_mode":"single","block":{"attributes":{"create":{"type":"string","description_kind":"plain","optional":true},"delete":{"type":"string","description_kind":"plain","optional":true},"update":{"type":"string","description_kind":"plain","optional":true}},"description_kind":"plain"}}},"description_kind":"plain"}},"oci_core_service_gateway":{"version":0,"block":{"attributes":{"block_traffic":{"type":"bool","description_kind":"plain","computed":true},"compartment_id":{"type":"string","description_kind":"plain","required":true},"defined_tags":{"type":["map","string"],"description_kind":"plain","optional":true,"computed":true},"display_name":{"type":"string","description_kind":"plain","optional":true,"computed":true},"freeform_tags":{"type":["map","string"],"description_kind":"plain","optional":true,"computed":true},"id":{"type":"string","description_kind":"plain","optional":true,"computed":true},"route_table_id":{"type":"string","description_kind":"plain","optional":true,"computed":true},"state":{"type":"string","description_kind":"plain","computed":true},"time_created":{"type":"string","description_kind":"plain","computed":true},"vcn_id":{"type":"string","description_kind":"plain","required":true}},"block_types":{"services":{"nesting_mode":"set","block":{"attributes":{"service_id":{"type":"string","description_kind":"plain","required":true},"service_name":{"type":"string","description_kind":"plain","computed":true}},"description_kind":"plain"},"min_items":1},"timeouts":{"nesting_mode":"single","block":{"attributes":{"create":{"type":"string","description_kind":"plain","optional":true},"delete":{"type":"string","description_kind":"plain","optional":true},"update":{"type":"string","description_kind":"plain","optional":true}},"description_kind":"plain"}}},"description_kind":"plain"}},"oci_core_shape_management":{"version":0,"block":{"attributes":{"compartment_id":{"type":"string","description_kind":"plain","required":true},"id":{"type":"string","description_kind":"plain","optional":true,"computed":true},"image_id":{"type":"string","description_kind":"plain","required":true},"shape_name":{"type":"string","description_kind":"plain","required":true}},"block_types":{"timeouts":{"nesting_mode":"single","block":{"attributes":{"create":{"type":"string","description_kind":"plain","optional":true},"delete":{"type":"string","description_kind":"plain","optional":true},"update":{"type":"string","description_kind":"plain","optional":true}},"description_kind":"plain"}}},"description_kind":"plain"}},"oci_core_subnet":{"version":0,"block":{"attributes":{"availability_domain":{"type":"string","description_kind":"plain","optional":true,"computed":true},"cidr_block":{"type":"string","description_kind":"plain","required":true},"compartment_id":{"type":"string","description_kind":"plain","required":true},"defined_tags":{"type":["map","string"],"description_kind":"plain","optional":true,"computed":true},"dhcp_options_id":{"type":"string","description_kind":"plain","optional":true,"computed":true},"display_name":{"type":"string","description_kind":"plain","optional":true,"computed":true},"dns_label":{"type":"string","description_kind":"plain","optional":true,"computed":true},"freeform_tags":{"type":["map","string"],"description_kind":"plain","optional":true,"computed":true},"id":{"type":"string","description_kind":"plain","optional":true,"computed":true},"ipv6cidr_block":{"type":"string","description_kind":"plain","optional":true,"computed":true},"ipv6public_cidr_block":{"type":"string","description_kind":"plain","computed":true},"ipv6virtual_router_ip":{"type":"string","description_kind":"plain","computed":true},"prohibit_public_ip_on_vnic":{"type":"bool","description_kind":"plain","optional":true,"computed":true},"route_table_id":{"type":"string","description_kind":"plain","optional":true,"computed":true},"security_list_ids":{"type":["set","string"],"description_kind":"plain","optional":true,"computed":true},"state":{"type":"string","description_kind":"plain","computed":true},"subnet_domain_name":{"type":"string","description_kind":"plain","computed":true},"time_created":{"type":"string","description_kind":"plain","computed":true},"vcn_id":{"type":"string","description_kind":"plain","required":true},"virtual_router_ip":{"type":"string","description_kind":"plain","computed":true},"virtual_router_mac":{"type":"string","description_kind":"plain","computed":true}},"block_types":{"timeouts":{"nesting_mode":"single","block":{"attributes":{"create":{"type":"string","description_kind":"plain","optional":true},"delete":{"type":"string","description_kind":"plain","optional":true},"update":{"type":"string","description_kind":"plain","optional":true}},"description_kind":"plain"}}},"description_kind":"plain"}},"oci_core_vcn":{"version":0,"block":{"attributes":{"cidr_block":{"type":"string","description_kind":"plain","required":true},"compartment_id":{"type":"string","description_kind":"plain","required":true},"default_dhcp_options_id":{"type":"string","description_kind":"plain","computed":true},"default_route_table_id":{"type":"string","description_kind":"plain","computed":true},"default_security_list_id":{"type":"string","description_kind":"plain","computed":true},"defined_tags":{"type":["map","string"],"description_kind":"plain","optional":true,"computed":true},"display_name":{"type":"string","description_kind":"plain","optional":true,"computed":true},"dns_label":{"type":"string","description_kind":"plain","optional":true,"computed":true},"freeform_tags":{"type":["map","string"],"description_kind":"plain","optional":true,"computed":true},"id":{"type":"string","description_kind":"plain","optional":true,"computed":true},"ipv6cidr_block":{"type":"string","description_kind":"plain","optional":true,"computed":true},"ipv6public_cidr_block":{"type":"string","description_kind":"plain","computed":true},"is_ipv6enabled":{"type":"bool","description_kind":"plain","optional":true,"computed":true},"state":{"type":"string","description_kind":"plain","computed":true},"time_created":{"type":"string","description_kind":"plain","computed":true},"vcn_domain_name":{"type":"string","description_kind":"plain","computed":true}},"block_types":{"timeouts":{"nesting_mode":"single","block":{"attributes":{"create":{"type":"string","description_kind":"plain","optional":true},"delete":{"type":"string","description_kind":"plain","optional":true},"update":{"type":"string","description_kind":"plain","optional":true}},"description_kind":"plain"}}},"description_kind":"plain"}},"oci_core_virtual_circuit":{"version":0,"block":{"attributes":{"bandwidth_shape_name":{"type":"string","description_kind":"plain","optional":true,"computed":true},"bgp_management":{"type":"string","description_kind":"plain","computed":true},"bgp_session_state":{"type":"string","description_kind":"plain","computed":true},"compartment_id":{"type":"string","description_kind":"plain","required":true},"customer_asn":{"type":"string","description_kind":"plain","optional":true,"computed":true},"customer_bgp_asn":{"type":"number","description_kind":"plain","optional":true,"computed":true},"defined_tags":{"type":["map","string"],"description_kind":"plain","optional":true,"computed":true},"display_name":{"type":"string","description_kind":"plain","optional":true,"computed":true},"freeform_tags":{"type":["map","string"],"description_kind":"plain","optional":true,"computed":true},"gateway_id":{"type":"string","description_kind":"plain","optional":true,"computed":true},"id":{"type":"string","description_kind":"plain","optional":true,"computed":true},"oracle_bgp_asn":{"type":"number","description_kind":"plain","computed":true},"provider_service_id":{"type":"string","description_kind":"plain","optional":true,"computed":true},"provider_service_key_name":{"type":"string","description_kind":"plain","optional":true,"computed":true},"provider_state":{"type":"string","description_kind":"plain","computed":true},"reference_comment":{"type":"string","description_kind":"plain","computed":true},"region":{"type":"string","description_kind":"plain","optional":true,"computed":true},"service_type":{"type":"string","description_kind":"plain","computed":true},"state":{"type":"string","description_kind":"plain","computed":true},"time_created":{"type":"string","description_kind":"plain","computed":true},"type":{"type":"string","description_kind":"plain","required":true}},"block_types":{"cross_connect_mappings":{"nesting_mode":"list","block":{"attributes":{"bgp_md5auth_key":{"type":"string","description_kind":"plain","optional":true,"computed":true},"cross_connect_or_cross_connect_group_id":{"type":"string","description_kind":"plain","optional":true,"computed":true},"customer_bgp_peering_ip":{"type":"string","description_kind":"plain","optional":true,"computed":true},"customer_bgp_peering_ipv6":{"type":"string","description_kind":"plain","optional":true,"computed":true},"oracle_bgp_peering_ip":{"type":"string","description_kind":"plain","optional":true,"computed":true},"oracle_bgp_peering_ipv6":{"type":"string","description_kind":"plain","optional":true,"computed":true},"vlan":{"type":"number","description_kind":"plain","optional":true,"computed":true}},"description_kind":"plain"}},"public_prefixes":{"nesting_mode":"set","block":{"attributes":{"cidr_block":{"type":"string","description_kind":"plain","required":true}},"description_kind":"plain"}},"timeouts":{"nesting_mode":"single","block":{"attributes":{"create":{"type":"string","description_kind":"plain","optional":true},"delete":{"type":"string","description_kind":"plain","optional":true},"update":{"type":"string","description_kind":"plain","optional":true}},"description_kind":"plain"}}},"description_kind":"plain"}},"oci_core_virtual_network":{"version":0,"block":{"attributes":{"cidr_block":{"type":"string","description_kind":"plain","required":true},"compartment_id":{"type":"string","description_kind":"plain","required":true},"default_dhcp_options_id":{"type":"string","description_kind":"plain","computed":true},"default_route_table_id":{"type":"string","description_kind":"plain","computed":true},"default_security_list_id":{"type":"string","description_kind":"plain","computed":true},"defined_tags":{"type":["map","string"],"description_kind":"plain","optional":true,"computed":true},"display_name":{"type":"string","description_kind":"plain","optional":true,"computed":true},"dns_label":{"type":"string","description_kind":"plain","optional":true,"computed":true},"freeform_tags":{"type":["map","string"],"description_kind":"plain","optional":true,"computed":true},"id":{"type":"string","description_kind":"plain","optional":true,"computed":true},"ipv6cidr_block":{"type":"string","description_kind":"plain","optional":true,"computed":true},"ipv6public_cidr_block":{"type":"string","description_kind":"plain","computed":true},"is_ipv6enabled":{"type":"bool","description_kind":"plain","optional":true,"computed":true},"state":{"type":"string","description_kind":"plain","computed":true},"time_created":{"type":"string","description_kind":"plain","computed":true},"vcn_domain_name":{"type":"string","description_kind":"plain","computed":true}},"block_types":{"timeouts":{"nesting_mode":"single","block":{"attributes":{"create":{"type":"string","description_kind":"plain","optional":true},"delete":{"type":"string","description_kind":"plain","optional":true},"update":{"type":"string","description_kind":"plain","optional":true}},"description_kind":"plain"}}},"description_kind":"plain"}},"oci_core_vlan":{"version":0,"block":{"attributes":{"availability_domain":{"type":"string","description_kind":"plain","required":true},"cidr_block":{"type":"string","description_kind":"plain","required":true},"compartment_id":{"type":"string","description_kind":"plain","required":true},"defined_tags":{"type":["map","string"],"description_kind":"plain","optional":true,"computed":true},"display_name":{"type":"string","description_kind":"plain","optional":true,"computed":true},"freeform_tags":{"type":["map","string"],"description_kind":"plain","optional":true,"computed":true},"id":{"type":"string","description_kind":"plain","optional":true,"computed":true},"nsg_ids":{"type":["set","string"],"description_kind":"plain","optional":true,"computed":true},"route_table_id":{"type":"string","description_kind":"plain","optional":true,"computed":true},"state":{"type":"string","description_kind":"plain","computed":true},"time_created":{"type":"string","description_kind":"plain","computed":true},"vcn_id":{"type":"string","description_kind":"plain","required":true},"vlan_tag":{"type":"number","description_kind":"plain","optional":true,"computed":true}},"block_types":{"timeouts":{"nesting_mode":"single","block":{"attributes":{"create":{"type":"string","description_kind":"plain","optional":true},"delete":{"type":"string","description_kind":"plain","optional":true},"update":{"type":"string","description_kind":"plain","optional":true}},"description_kind":"plain"}}},"description_kind":"plain"}},"oci_core_vnic_attachment":{"version":0,"block":{"attributes":{"availability_domain":{"type":"string","description_kind":"plain","computed":true},"compartment_id":{"type":"string","description_kind":"plain","computed":true},"display_name":{"type":"string","description_kind":"plain","optional":true,"computed":true},"id":{"type":"string","description_kind":"plain","optional":true,"computed":true},"instance_id":{"type":"string","description_kind":"plain","required":true},"nic_index":{"type":"number","description_kind":"plain","optional":true,"computed":true},"state":{"type":"string","description_kind":"plain","computed":true},"subnet_id":{"type":"string","description_kind":"plain","computed":true},"time_created":{"type":"string","description_kind":"plain","computed":true},"vlan_id":{"type":"string","description_kind":"plain","computed":true},"vlan_tag":{"type":"number","description_kind":"plain","computed":true},"vnic_id":{"type":"string","description_kind":"plain","computed":true}},"block_types":{"create_vnic_details":{"nesting_mode":"list","block":{"attributes":{"assign_public_ip":{"type":"string","description_kind":"plain","optional":true},"defined_tags":{"type":["map","string"],"description_kind":"plain","optional":true,"computed":true},"display_name":{"type":"string","description_kind":"plain","optional":true,"computed":true},"freeform_tags":{"type":["map","string"],"description_kind":"plain","optional":true,"computed":true},"hostname_label":{"type":"string","description_kind":"plain","optional":true,"computed":true},"nsg_ids":{"type":["set","string"],"description_kind":"plain","optional":true},"private_ip":{"type":"string","description_kind":"plain","optional":true,"computed":true},"skip_source_dest_check":{"type":"bool","description_kind":"plain","optional":true,"computed":true},"subnet_id":{"type":"string","description_kind":"plain","optional":true,"computed":true},"vlan_id":{"type":"string","description_kind":"plain","optional":true,"computed":true}},"description_kind":"plain"},"min_items":1,"max_items":1},"timeouts":{"nesting_mode":"single","block":{"attributes":{"create":{"type":"string","description_kind":"plain","optional":true},"delete":{"type":"string","description_kind":"plain","optional":true},"update":{"type":"string","description_kind":"plain","optional":true}},"description_kind":"plain"}}},"description_kind":"plain"}},"oci_core_volume":{"version":0,"block":{"attributes":{"auto_tuned_vpus_per_gb":{"type":"string","description_kind":"plain","computed":true},"availability_domain":{"type":"string","description_kind":"plain","required":true},"backup_policy_id":{"type":"string","description_kind":"plain","optional":true,"computed":true},"compartment_id":{"type":"string","description_kind":"plain","required":true},"defined_tags":{"type":["map","string"],"description_kind":"plain","optional":true,"computed":true},"display_name":{"type":"string","description_kind":"plain","optional":true,"computed":true},"freeform_tags":{"type":["map","string"],"description_kind":"plain","optional":true,"computed":true},"id":{"type":"string","description_kind":"plain","optional":true,"computed":true},"is_auto_tune_enabled":{"type":"bool","description_kind":"plain","optional":true,"computed":true},"is_hydrated":{"type":"bool","description_kind":"plain","computed":true},"kms_key_id":{"type":"string","description_kind":"plain","optional":true,"computed":true},"size_in_gbs":{"type":"string","description_kind":"plain","optional":true,"computed":true},"size_in_mbs":{"type":"string","description_kind":"plain","optional":true,"computed":true},"state":{"type":"string","description_kind":"plain","computed":true},"system_tags":{"type":["map","string"],"description_kind":"plain","computed":true},"time_created":{"type":"string","description_kind":"plain","computed":true},"volume_backup_id":{"type":"string","description_kind":"plain","optional":true,"computed":true},"volume_group_id":{"type":"string","description_kind":"plain","computed":true},"vpus_per_gb":{"type":"string","description_kind":"plain","optional":true,"computed":true}},"block_types":{"source_details":{"nesting_mode":"list","block":{"attributes":{"id":{"type":"string","description_kind":"plain","required":true},"type":{"type":"string","description_kind":"plain","required":true}},"description_kind":"plain"},"max_items":1},"timeouts":{"nesting_mode":"single","block":{"attributes":{"create":{"type":"string","description_kind":"plain","optional":true},"delete":{"type":"string","description_kind":"plain","optional":true},"update":{"type":"string","description_kind":"plain","optional":true}},"description_kind":"plain"}}},"description_kind":"plain"}},"oci_core_volume_attachment":{"version":0,"block":{"attributes":{"attachment_type":{"type":"string","description_kind":"plain","required":true},"availability_domain":{"type":"string","description_kind":"plain","computed":true},"chap_secret":{"type":"string","description_kind":"plain","computed":true},"chap_username":{"type":"string","description_kind":"plain","computed":true},"compartment_id":{"type":"string","description_kind":"plain","optional":true,"computed":true},"device":{"type":"string","description_kind":"plain","optional":true,"computed":true},"display_name":{"type":"string","description_kind":"plain","optional":true,"computed":true},"id":{"type":"string","description_kind":"plain","optional":true,"computed":true},"instance_id":{"type":"string","description_kind":"plain","required":true},"ipv4":{"type":"string","description_kind":"plain","computed":true},"iqn":{"type":"string","description_kind":"plain","computed":true},"is_pv_encryption_in_transit_enabled":{"type":"bool","description_kind":"plain","optional":true,"computed":true},"is_read_only":{"type":"bool","description_kind":"plain","optional":true,"computed":true},"is_shareable":{"type":"bool","description_kind":"plain","optional":true,"computed":true},"port":{"type":"number","description_kind":"plain","computed":true},"state":{"type":"string","description_kind":"plain","computed":true},"time_created":{"type":"string","description_kind":"plain","computed":true},"use_chap":{"type":"bool","description_kind":"plain","optional":true,"computed":true},"volume_id":{"type":"string","description_kind":"plain","required":true}},"block_types":{"timeouts":{"nesting_mode":"single","block":{"attributes":{"create":{"type":"string","description_kind":"plain","optional":true},"delete":{"type":"string","description_kind":"plain","optional":true},"update":{"type":"string","description_kind":"plain","optional":true}},"description_kind":"plain"}}},"description_kind":"plain"}},"oci_core_volume_backup":{"version":0,"block":{"attributes":{"compartment_id":{"type":"string","description_kind":"plain","optional":true,"computed":true},"defined_tags":{"type":["map","string"],"description_kind":"plain","optional":true,"computed":true},"display_name":{"type":"string","description_kind":"plain","optional":true,"computed":true},"expiration_time":{"type":"string","description_kind":"plain","computed":true},"freeform_tags":{"type":["map","string"],"description_kind":"plain","optional":true,"computed":true},"id":{"type":"string","description_kind":"plain","optional":true,"computed":true},"kms_key_id":{"type":"string","description_kind":"plain","computed":true},"size_in_gbs":{"type":"string","description_kind":"plain","computed":true},"size_in_mbs":{"type":"string","description_kind":"plain","computed":true},"source_type":{"type":"string","description_kind":"plain","computed":true},"source_volume_backup_id":{"type":"string","description_kind":"plain","computed":true},"state":{"type":"string","description_kind":"plain","computed":true},"system_tags":{"type":["map","string"],"description_kind":"plain","computed":true},"time_created":{"type":"string","description_kind":"plain","computed":true},"time_request_received":{"type":"string","description_kind":"plain","computed":true},"type":{"type":"string","description_kind":"plain","optional":true,"computed":true},"unique_size_in_gbs":{"type":"string","description_kind":"plain","computed":true},"unique_size_in_mbs":{"type":"string","description_kind":"plain","computed":true},"volume_id":{"type":"string","description_kind":"plain","optional":true,"computed":true}},"block_types":{"source_details":{"nesting_mode":"list","block":{"attributes":{"kms_key_id":{"type":"string","description_kind":"plain","optional":true},"region":{"type":"string","description_kind":"plain","required":true},"volume_backup_id":{"type":"string","description_kind":"plain","required":true}},"description_kind":"plain"},"max_items":1},"timeouts":{"nesting_mode":"single","block":{"attributes":{"create":{"type":"string","description_kind":"plain","optional":true},"delete":{"type":"string","description_kind":"plain","optional":true},"update":{"type":"string","description_kind":"plain","optional":true}},"description_kind":"plain"}}},"description_kind":"plain"}},"oci_core_volume_backup_policy":{"version":0,"block":{"attributes":{"compartment_id":{"type":"string","description_kind":"plain","required":true},"defined_tags":{"type":["map","string"],"description_kind":"plain","optional":true,"computed":true},"destination_region":{"type":"string","description_kind":"plain","optional":true,"computed":true},"display_name":{"type":"string","description_kind":"plain","optional":true,"computed":true},"freeform_tags":{"type":["map","string"],"description_kind":"plain","optional":true,"computed":true},"id":{"type":"string","description_kind":"plain","optional":true,"computed":true},"time_created":{"type":"string","description_kind":"plain","computed":true}},"block_types":{"schedules":{"nesting_mode":"set","block":{"attributes":{"backup_type":{"type":"string","description_kind":"plain","required":true},"day_of_month":{"type":"number","description_kind":"plain","optional":true},"day_of_week":{"type":"string","description_kind":"plain","optional":true},"hour_of_day":{"type":"number","description_kind":"plain","optional":true},"month":{"type":"string","description_kind":"plain","optional":true},"offset_seconds":{"type":"number","description_kind":"plain","optional":true},"offset_type":{"type":"string","description_kind":"plain","optional":true},"period":{"type":"string","description_kind":"plain","required":true},"retention_seconds":{"type":"number","description_kind":"plain","required":true},"time_zone":{"type":"string","description_kind":"plain","optional":true,"computed":true}},"description_kind":"plain"}},"timeouts":{"nesting_mode":"single","block":{"attributes":{"create":{"type":"string","description_kind":"plain","optional":true},"delete":{"type":"string","description_kind":"plain","optional":true},"update":{"type":"string","description_kind":"plain","optional":true}},"description_kind":"plain"}}},"description_kind":"plain"}},"oci_core_volume_backup_policy_assignment":{"version":0,"block":{"attributes":{"asset_id":{"type":"string","description_kind":"plain","required":true},"id":{"type":"string","description_kind":"plain","optional":true,"computed":true},"policy_id":{"type":"string","description_kind":"plain","required":true},"time_created":{"type":"string","description_kind":"plain","computed":true}},"block_types":{"timeouts":{"nesting_mode":"single","block":{"attributes":{"create":{"type":"string","description_kind":"plain","optional":true},"delete":{"type":"string","description_kind":"plain","optional":true},"update":{"type":"string","description_kind":"plain","optional":true}},"description_kind":"plain"}}},"description_kind":"plain"}},"oci_core_volume_group":{"version":0,"block":{"attributes":{"availability_domain":{"type":"string","description_kind":"plain","required":true},"compartment_id":{"type":"string","description_kind":"plain","required":true},"defined_tags":{"type":["map","string"],"description_kind":"plain","optional":true,"computed":true},"display_name":{"type":"string","description_kind":"plain","optional":true,"computed":true},"freeform_tags":{"type":["map","string"],"description_kind":"plain","optional":true,"computed":true},"id":{"type":"string","description_kind":"plain","optional":true,"computed":true},"is_hydrated":{"type":"bool","description_kind":"plain","computed":true},"size_in_gbs":{"type":"string","description_kind":"plain","computed":true},"size_in_mbs":{"type":"string","description_kind":"plain","computed":true},"state":{"type":"string","description_kind":"plain","computed":true},"time_created":{"type":"string","description_kind":"plain","computed":true},"volume_ids":{"type":["list","string"],"description_kind":"plain","computed":true}},"block_types":{"source_details":{"nesting_mode":"list","block":{"attributes":{"type":{"type":"string","description_kind":"plain","required":true},"volume_group_backup_id":{"type":"string","description_kind":"plain","optional":true},"volume_group_id":{"type":"string","description_kind":"plain","optional":true},"volume_ids":{"type":["set","string"],"description_kind":"plain","optional":true}},"description_kind":"plain"},"min_items":1,"max_items":1},"timeouts":{"nesting_mode":"single","block":{"attributes":{"create":{"type":"string","description_kind":"plain","optional":true},"delete":{"type":"string","description_kind":"plain","optional":true},"update":{"type":"string","description_kind":"plain","optional":true}},"description_kind":"plain"}}},"description_kind":"plain"}},"oci_core_volume_group_backup":{"version":0,"block":{"attributes":{"compartment_id":{"type":"string","description_kind":"plain","optional":true,"computed":true},"defined_tags":{"type":["map","string"],"description_kind":"plain","optional":true,"computed":true},"display_name":{"type":"string","description_kind":"plain","optional":true,"computed":true},"freeform_tags":{"type":["map","string"],"description_kind":"plain","optional":true,"computed":true},"id":{"type":"string","description_kind":"plain","optional":true,"computed":true},"size_in_gbs":{"type":"string","description_kind":"plain","computed":true},"size_in_mbs":{"type":"string","description_kind":"plain","computed":true},"state":{"type":"string","description_kind":"plain","computed":true},"time_created":{"type":"string","description_kind":"plain","computed":true},"time_request_received":{"type":"string","description_kind":"plain","computed":true},"type":{"type":"string","description_kind":"plain","optional":true,"computed":true},"unique_size_in_gbs":{"type":"string","description_kind":"plain","computed":true},"unique_size_in_mbs":{"type":"string","description_kind":"plain","computed":true},"volume_backup_ids":{"type":["list","string"],"description_kind":"plain","computed":true},"volume_group_id":{"type":"string","description_kind":"plain","required":true}},"block_types":{"timeouts":{"nesting_mode":"single","block":{"attributes":{"create":{"type":"string","description_kind":"plain","optional":true},"delete":{"type":"string","description_kind":"plain","optional":true},"update":{"type":"string","description_kind":"plain","optional":true}},"description_kind":"plain"}}},"description_kind":"plain"}},"oci_data_safe_data_safe_configuration":{"version":0,"block":{"attributes":{"compartment_id":{"type":"string","description_kind":"plain","optional":true,"computed":true},"id":{"type":"string","description_kind":"plain","optional":true,"computed":true},"is_enabled":{"type":"bool","description_kind":"plain","optional":true,"computed":true},"state":{"type":"string","description_kind":"plain","computed":true},"time_enabled":{"type":"string","description_kind":"plain","computed":true},"url":{"type":"string","description_kind":"plain","computed":true}},"block_types":{"timeouts":{"nesting_mode":"single","block":{"attributes":{"create":{"type":"string","description_kind":"plain","optional":true},"delete":{"type":"string","description_kind":"plain","optional":true},"update":{"type":"string","description_kind":"plain","optional":true}},"description_kind":"plain"}}},"description_kind":"plain"}},"oci_data_safe_data_safe_private_endpoint":{"version":0,"block":{"attributes":{"compartment_id":{"type":"string","description_kind":"plain","required":true},"defined_tags":{"type":["map","string"],"description_kind":"plain","optional":true,"computed":true},"description":{"type":"string","description_kind":"plain","optional":true,"computed":true},"display_name":{"type":"string","description_kind":"plain","required":true},"endpoint_fqdn":{"type":"string","description_kind":"plain","computed":true},"freeform_tags":{"type":["map","string"],"description_kind":"plain","optional":true,"computed":true},"id":{"type":"string","description_kind":"plain","optional":true,"computed":true},"nsg_ids":{"type":["set","string"],"description_kind":"plain","optional":true,"computed":true},"private_endpoint_id":{"type":"string","description_kind":"plain","computed":true},"private_endpoint_ip":{"type":"string","description_kind":"plain","optional":true,"computed":true},"state":{"type":"string","description_kind":"plain","computed":true},"subnet_id":{"type":"string","description_kind":"plain","required":true},"time_created":{"type":"string","description_kind":"plain","computed":true},"vcn_id":{"type":"string","description_kind":"plain","required":true}},"block_types":{"timeouts":{"nesting_mode":"single","block":{"attributes":{"create":{"type":"string","description_kind":"plain","optional":true},"delete":{"type":"string","description_kind":"plain","optional":true},"update":{"type":"string","description_kind":"plain","optional":true}},"description_kind":"plain"}}},"description_kind":"plain"}},"oci_database_autonomous_container_database":{"version":0,"block":{"attributes":{"autonomous_exadata_infrastructure_id":{"type":"string","description_kind":"plain","optional":true,"computed":true},"autonomous_vm_cluster_id":{"type":"string","description_kind":"plain","optional":true,"computed":true},"availability_domain":{"type":"string","description_kind":"plain","computed":true},"compartment_id":{"type":"string","description_kind":"plain","optional":true,"computed":true},"db_unique_name":{"type":"string","description_kind":"plain","optional":true,"computed":true},"db_version":{"type":"string","description_kind":"plain","computed":true},"defined_tags":{"type":["map","string"],"description_kind":"plain","optional":true,"computed":true},"display_name":{"type":"string","description_kind":"plain","required":true},"freeform_tags":{"type":["map","string"],"description_kind":"plain","optional":true,"computed":true},"id":{"type":"string","description_kind":"plain","optional":true,"computed":true},"infrastructure_type":{"type":"string","description_kind":"plain","computed":true},"last_maintenance_run_id":{"type":"string","description_kind":"plain","computed":true},"lifecycle_details":{"type":"string","description_kind":"plain","computed":true},"maintenance_window":{"type":["list",["object",{"days_of_week":["list",["object",{"name":"string"}]],"hours_of_day":["list","number"],"lead_time_in_weeks":"number","months":["list",["object",{"name":"string"}]],"preference":"string","weeks_of_month":["list","number"]}]],"description_kind":"plain","computed":true},"next_maintenance_run_id":{"type":"string","description_kind":"plain","computed":true},"patch_id":{"type":"string","description_kind":"plain","computed":true},"patch_model":{"type":"string","description_kind":"plain","required":true},"service_level_agreement_type":{"type":"string","description_kind":"plain","optional":true,"computed":true},"state":{"type":"string","description_kind":"plain","computed":true},"time_created":{"type":"string","description_kind":"plain","computed":true}},"block_types":{"backup_config":{"nesting_mode":"list","block":{"attributes":{"recovery_window_in_days":{"type":"number","description_kind":"plain","optional":true,"computed":true}},"block_types":{"backup_destination_details":{"nesting_mode":"list","block":{"attributes":{"id":{"type":"string","description_kind":"plain","optional":true,"computed":true},"internet_proxy":{"type":"string","description_kind":"plain","optional":true,"computed":true},"type":{"type":"string","description_kind":"plain","required":true},"vpc_password":{"type":"string","description_kind":"plain","optional":true,"sensitive":true},"vpc_user":{"type":"string","description_kind":"plain","optional":true,"computed":true}},"description_kind":"plain"},"max_items":1}},"description_kind":"plain"},"max_items":1},"maintenance_window_details":{"nesting_mode":"list","block":{"attributes":{"hours_of_day":{"type":["list","number"],"description_kind":"plain","optional":true,"computed":true},"lead_time_in_weeks":{"type":"number","description_kind":"plain","optional":true,"computed":true},"preference":{"type":"string","description_kind":"plain","required":true},"weeks_of_month":{"type":["list","number"],"description_kind":"plain","optional":true,"computed":true}},"block_types":{"days_of_week":{"nesting_mode":"list","block":{"attributes":{"name":{"type":"string","description_kind":"plain","required":true}},"description_kind":"plain"}},"months":{"nesting_mode":"list","block":{"attributes":{"name":{"type":"string","description_kind":"plain","required":true}},"description_kind":"plain"}}},"description_kind":"plain"},"max_items":1},"timeouts":{"nesting_mode":"single","block":{"attributes":{"create":{"type":"string","description_kind":"plain","optional":true},"delete":{"type":"string","description_kind":"plain","optional":true},"update":{"type":"string","description_kind":"plain","optional":true}},"description_kind":"plain"}}},"description_kind":"plain"}},"oci_database_autonomous_database":{"version":0,"block":{"attributes":{"admin_password":{"type":"string","description_kind":"plain","optional":true,"computed":true,"sensitive":true},"autonomous_container_database_id":{"type":"string","description_kind":"plain","optional":true,"computed":true},"autonomous_database_backup_id":{"type":"string","description_kind":"plain","optional":true,"computed":true},"autonomous_database_id":{"type":"string","description_kind":"plain","optional":true,"computed":true},"available_upgrade_versions":{"type":["list","string"],"description_kind":"plain","computed":true},"clone_type":{"type":"string","description_kind":"plain","optional":true,"computed":true},"compartment_id":{"type":"string","description_kind":"plain","required":true},"connection_strings":{"type":["list",["object",{"all_connection_strings":["map","string"],"dedicated":"string","high":"string","low":"string","medium":"string"}]],"description_kind":"plain","computed":true},"connection_urls":{"type":["list",["object",{"apex_url":"string","machine_learning_user_management_url":"string","sql_dev_web_url":"string"}]],"description_kind":"plain","computed":true},"cpu_core_count":{"type":"number","description_kind":"plain","required":true},"data_safe_status":{"type":"string","description_kind":"plain","optional":true,"computed":true},"data_storage_size_in_tbs":{"type":"number","description_kind":"plain","required":true},"db_name":{"type":"string","description_kind":"plain","required":true},"db_version":{"type":"string","description_kind":"plain","optional":true,"computed":true},"db_workload":{"type":"string","description_kind":"plain","optional":true,"computed":true},"defined_tags":{"type":["map","string"],"description_kind":"plain","optional":true,"computed":true},"display_name":{"type":"string","description_kind":"plain","optional":true,"computed":true},"failed_data_recovery_in_seconds":{"type":"number","description_kind":"plain","computed":true},"freeform_tags":{"type":["map","string"],"description_kind":"plain","optional":true,"computed":true},"id":{"type":"string","description_kind":"plain","optional":true,"computed":true},"infrastructure_type":{"type":"string","description_kind":"plain","computed":true},"is_auto_scaling_enabled":{"type":"bool","description_kind":"plain","optional":true,"computed":true},"is_data_guard_enabled":{"type":"bool","description_kind":"plain","optional":true,"computed":true},"is_dedicated":{"type":"bool","description_kind":"plain","optional":true,"computed":true},"is_free_tier":{"type":"bool","description_kind":"plain","optional":true,"computed":true},"is_preview":{"type":"bool","description_kind":"plain","computed":true},"is_preview_version_with_service_terms_accepted":{"type":"bool","description_kind":"plain","optional":true,"computed":true},"is_refreshable_clone":{"type":"bool","description_kind":"plain","optional":true,"computed":true},"license_model":{"type":"string","description_kind":"plain","optional":true,"computed":true},"lifecycle_details":{"type":"string","description_kind":"plain","computed":true},"nsg_ids":{"type":["set","string"],"description_kind":"plain","optional":true,"computed":true},"open_mode":{"type":"string","description_kind":"plain","computed":true},"private_endpoint":{"type":"string","description_kind":"plain","computed":true},"private_endpoint_ip":{"type":"string","description_kind":"plain","computed":true},"private_endpoint_label":{"type":"string","description_kind":"plain","optional":true,"computed":true},"refreshable_mode":{"type":"string","description_kind":"plain","optional":true,"computed":true},"refreshable_status":{"type":"string","description_kind":"plain","computed":true},"service_console_url":{"type":"string","description_kind":"plain","computed":true},"source":{"type":"string","description_kind":"plain","optional":true,"computed":true},"source_id":{"type":"string","description_kind":"plain","optional":true,"computed":true},"standby_db":{"type":["list",["object",{"lag_time_in_seconds":"number","lifecycle_details":"string","state":"string"}]],"description_kind":"plain","computed":true},"state":{"type":"string","description_kind":"plain","optional":true,"computed":true},"subnet_id":{"type":"string","description_kind":"plain","optional":true,"computed":true},"switchover_to":{"type":"string","description_kind":"plain","optional":true},"system_tags":{"type":["map","string"],"description_kind":"plain","computed":true},"time_created":{"type":"string","description_kind":"plain","computed":true},"time_deletion_of_free_autonomous_database":{"type":"string","description_kind":"plain","computed":true},"time_maintenance_begin":{"type":"string","description_kind":"plain","computed":true},"time_maintenance_end":{"type":"string","description_kind":"plain","computed":true},"time_of_last_failover":{"type":"string","description_kind":"plain","computed":true},"time_of_last_refresh":{"type":"string","description_kind":"plain","computed":true},"time_of_last_refresh_point":{"type":"string","description_kind":"plain","computed":true},"time_of_last_switchover":{"type":"string","description_kind":"plain","computed":true},"time_of_next_refresh":{"type":"string","description_kind":"plain","computed":true},"time_reclamation_of_free_autonomous_database":{"type":"string","description_kind":"plain","computed":true},"timestamp":{"type":"string","description_kind":"plain","optional":true,"computed":true},"used_data_storage_size_in_tbs":{"type":"number","description_kind":"plain","computed":true},"whitelisted_ips":{"type":["set","string"],"description_kind":"plain","optional":true}},"block_types":{"timeouts":{"nesting_mode":"single","block":{"attributes":{"create":{"type":"string","description_kind":"plain","optional":true},"delete":{"type":"string","description_kind":"plain","optional":true},"update":{"type":"string","description_kind":"plain","optional":true}},"description_kind":"plain"}}},"description_kind":"plain"}},"oci_database_autonomous_database_backup":{"version":0,"block":{"attributes":{"autonomous_database_id":{"type":"string","description_kind":"plain","required":true},"compartment_id":{"type":"string","description_kind":"plain","computed":true},"database_size_in_tbs":{"type":"number","description_kind":"plain","computed":true},"display_name":{"type":"string","description_kind":"plain","required":true},"id":{"type":"string","description_kind":"plain","optional":true,"computed":true},"is_automatic":{"type":"bool","description_kind":"plain","computed":true},"is_restorable":{"type":"bool","description_kind":"plain","computed":true},"lifecycle_details":{"type":"string","description_kind":"plain","computed":true},"state":{"type":"string","description_kind":"plain","computed":true},"time_ended":{"type":"string","description_kind":"plain","computed":true},"time_started":{"type":"string","description_kind":"plain","computed":true},"type":{"type":"string","description_kind":"plain","computed":true}},"block_types":{"timeouts":{"nesting_mode":"single","block":{"attributes":{"create":{"type":"string","description_kind":"plain","optional":true},"delete":{"type":"string","description_kind":"plain","optional":true},"update":{"type":"string","description_kind":"plain","optional":true}},"description_kind":"plain"}}},"description_kind":"plain"}},"oci_database_autonomous_database_instance_wallet_management":{"version":0,"block":{"attributes":{"autonomous_database_id":{"type":"string","description_kind":"plain","required":true},"id":{"type":"string","description_kind":"plain","optional":true,"computed":true},"should_rotate":{"type":"bool","description_kind":"plain","optional":true},"state":{"type":"string","description_kind":"plain","computed":true},"time_rotated":{"type":"string","description_kind":"plain","computed":true}},"block_types":{"timeouts":{"nesting_mode":"single","block":{"attributes":{"create":{"type":"string","description_kind":"plain","optional":true},"delete":{"type":"string","description_kind":"plain","optional":true},"update":{"type":"string","description_kind":"plain","optional":true}},"description_kind":"plain"}}},"description_kind":"plain"}},"oci_database_autonomous_database_regional_wallet_management":{"version":0,"block":{"attributes":{"id":{"type":"string","description_kind":"plain","optional":true,"computed":true},"should_rotate":{"type":"bool","description_kind":"plain","optional":true},"state":{"type":"string","description_kind":"plain","computed":true},"time_rotated":{"type":"string","description_kind":"plain","computed":true}},"block_types":{"timeouts":{"nesting_mode":"single","block":{"attributes":{"create":{"type":"string","description_kind":"plain","optional":true},"delete":{"type":"string","description_kind":"plain","optional":true},"update":{"type":"string","description_kind":"plain","optional":true}},"description_kind":"plain"}}},"description_kind":"plain"}},"oci_database_autonomous_exadata_infrastructure":{"version":0,"block":{"attributes":{"availability_domain":{"type":"string","description_kind":"plain","required":true},"compartment_id":{"type":"string","description_kind":"plain","required":true},"defined_tags":{"type":["map","string"],"description_kind":"plain","optional":true,"computed":true},"display_name":{"type":"string","description_kind":"plain","optional":true,"computed":true},"domain":{"type":"string","description_kind":"plain","optional":true,"computed":true},"freeform_tags":{"type":["map","string"],"description_kind":"plain","optional":true,"computed":true},"hostname":{"type":"string","description_kind":"plain","computed":true},"id":{"type":"string","description_kind":"plain","optional":true,"computed":true},"last_maintenance_run_id":{"type":"string","description_kind":"plain","computed":true},"license_model":{"type":"string","description_kind":"plain","optional":true,"computed":true},"lifecycle_details":{"type":"string","description_kind":"plain","computed":true},"maintenance_window":{"type":["list",["object",{"days_of_week":["list",["object",{"name":"string"}]],"hours_of_day":["list","number"],"lead_time_in_weeks":"number","months":["list",["object",{"name":"string"}]],"preference":"string","weeks_of_month":["list","number"]}]],"description_kind":"plain","computed":true},"next_maintenance_run_id":{"type":"string","description_kind":"plain","computed":true},"nsg_ids":{"type":["set","string"],"description_kind":"plain","optional":true},"shape":{"type":"string","description_kind":"plain","required":true},"state":{"type":"string","description_kind":"plain","computed":true},"subnet_id":{"type":"string","description_kind":"plain","required":true},"time_created":{"type":"string","description_kind":"plain","computed":true}},"block_types":{"maintenance_window_details":{"nesting_mode":"list","block":{"attributes":{"hours_of_day":{"type":["list","number"],"description_kind":"plain","optional":true,"computed":true},"lead_time_in_weeks":{"type":"number","description_kind":"plain","optional":true,"computed":true},"preference":{"type":"string","description_kind":"plain","required":true},"weeks_of_month":{"type":["list","number"],"description_kind":"plain","optional":true,"computed":true}},"block_types":{"days_of_week":{"nesting_mode":"list","block":{"attributes":{"name":{"type":"string","description_kind":"plain","required":true}},"description_kind":"plain"}},"months":{"nesting_mode":"list","block":{"attributes":{"name":{"type":"string","description_kind":"plain","required":true}},"description_kind":"plain"}}},"description_kind":"plain"},"max_items":1},"timeouts":{"nesting_mode":"single","block":{"attributes":{"create":{"type":"string","description_kind":"plain","optional":true},"delete":{"type":"string","description_kind":"plain","optional":true},"update":{"type":"string","description_kind":"plain","optional":true}},"description_kind":"plain"}}},"description_kind":"plain"}},"oci_database_autonomous_vm_cluster":{"version":0,"block":{"attributes":{"available_cpus":{"type":"number","description_kind":"plain","computed":true},"available_data_storage_size_in_tbs":{"type":"number","description_kind":"plain","computed":true},"compartment_id":{"type":"string","description_kind":"plain","required":true},"cpus_enabled":{"type":"number","description_kind":"plain","computed":true},"data_storage_size_in_tbs":{"type":"number","description_kind":"plain","computed":true},"db_node_storage_size_in_gbs":{"type":"number","description_kind":"plain","computed":true},"defined_tags":{"type":["map","string"],"description_kind":"plain","optional":true,"computed":true},"display_name":{"type":"string","description_kind":"plain","required":true},"exadata_infrastructure_id":{"type":"string","description_kind":"plain","required":true},"freeform_tags":{"type":["map","string"],"description_kind":"plain","optional":true,"computed":true},"id":{"type":"string","description_kind":"plain","optional":true,"computed":true},"is_local_backup_enabled":{"type":"bool","description_kind":"plain","optional":true,"computed":true},"license_model":{"type":"string","description_kind":"plain","optional":true,"computed":true},"lifecycle_details":{"type":"string","description_kind":"plain","computed":true},"memory_size_in_gbs":{"type":"number","description_kind":"plain","computed":true},"state":{"type":"string","description_kind":"plain","computed":true},"time_created":{"type":"string","description_kind":"plain","computed":true},"time_zone":{"type":"string","description_kind":"plain","optional":true,"computed":true},"vm_cluster_network_id":{"type":"string","description_kind":"plain","required":true}},"block_types":{"timeouts":{"nesting_mode":"single","block":{"attributes":{"create":{"type":"string","description_kind":"plain","optional":true},"delete":{"type":"string","description_kind":"plain","optional":true},"update":{"type":"string","description_kind":"plain","optional":true}},"description_kind":"plain"}}},"description_kind":"plain"}},"oci_database_backup":{"version":0,"block":{"attributes":{"availability_domain":{"type":"string","description_kind":"plain","computed":true},"compartment_id":{"type":"string","description_kind":"plain","computed":true},"database_edition":{"type":"string","description_kind":"plain","computed":true},"database_id":{"type":"string","description_kind":"plain","required":true},"database_size_in_gbs":{"type":"number","description_kind":"plain","computed":true},"display_name":{"type":"string","description_kind":"plain","required":true},"id":{"type":"string","description_kind":"plain","optional":true,"computed":true},"lifecycle_details":{"type":"string","description_kind":"plain","computed":true},"shape":{"type":"string","description_kind":"plain","computed":true},"state":{"type":"string","description_kind":"plain","computed":true},"time_ended":{"type":"string","description_kind":"plain","computed":true},"time_started":{"type":"string","description_kind":"plain","computed":true},"type":{"type":"string","description_kind":"plain","computed":true},"version":{"type":"string","description_kind":"plain","computed":true}},"block_types":{"timeouts":{"nesting_mode":"single","block":{"attributes":{"create":{"type":"string","description_kind":"plain","optional":true},"delete":{"type":"string","description_kind":"plain","optional":true},"update":{"type":"string","description_kind":"plain","optional":true}},"description_kind":"plain"}}},"description_kind":"plain"}},"oci_database_backup_destination":{"version":0,"block":{"attributes":{"associated_databases":{"type":["list",["object",{"db_name":"string","id":"string"}]],"description_kind":"plain","computed":true},"compartment_id":{"type":"string","description_kind":"plain","required":true},"connection_string":{"type":"string","description_kind":"plain","optional":true},"defined_tags":{"type":["map","string"],"description_kind":"plain","optional":true,"computed":true},"display_name":{"type":"string","description_kind":"plain","required":true},"freeform_tags":{"type":["map","string"],"description_kind":"plain","optional":true,"computed":true},"id":{"type":"string","description_kind":"plain","optional":true,"computed":true},"lifecycle_details":{"type":"string","description_kind":"plain","computed":true},"local_mount_point_path":{"type":"string","description_kind":"plain","optional":true,"computed":true},"nfs_mount_type":{"type":"string","description_kind":"plain","computed":true},"nfs_server":{"type":["list","string"],"description_kind":"plain","computed":true},"nfs_server_export":{"type":"string","description_kind":"plain","computed":true},"state":{"type":"string","description_kind":"plain","computed":true},"time_created":{"type":"string","description_kind":"plain","computed":true},"type":{"type":"string","description_kind":"plain","required":true},"vpc_users":{"type":["list","string"],"description_kind":"plain","optional":true}},"block_types":{"mount_type_details":{"nesting_mode":"list","block":{"attributes":{"local_mount_point_path":{"type":"string","description_kind":"plain","optional":true,"computed":true},"mount_type":{"type":"string","description_kind":"plain","required":true},"nfs_server":{"type":["list","string"],"description_kind":"plain","optional":true,"computed":true},"nfs_server_export":{"type":"string","description_kind":"plain","optional":true,"computed":true}},"description_kind":"plain"},"max_items":1},"timeouts":{"nesting_mode":"single","block":{"attributes":{"create":{"type":"string","description_kind":"plain","optional":true},"delete":{"type":"string","description_kind":"plain","optional":true},"update":{"type":"string","description_kind":"plain","optional":true}},"description_kind":"plain"}}},"description_kind":"plain"}},"oci_database_data_guard_association":{"version":0,"block":{"attributes":{"apply_lag":{"type":"string","description_kind":"plain","computed":true},"apply_rate":{"type":"string","description_kind":"plain","computed":true},"availability_domain":{"type":"string","description_kind":"plain","optional":true,"computed":true},"backup_network_nsg_ids":{"type":["set","string"],"description_kind":"plain","optional":true},"creation_type":{"type":"string","description_kind":"plain","required":true},"database_admin_password":{"type":"string","description_kind":"plain","required":true,"sensitive":true},"database_id":{"type":"string","description_kind":"plain","required":true},"delete_standby_db_home_on_delete":{"type":"string","description_kind":"plain","required":true},"display_name":{"type":"string","description_kind":"plain","optional":true,"computed":true},"hostname":{"type":"string","description_kind":"plain","optional":true,"computed":true},"id":{"type":"string","description_kind":"plain","optional":true,"computed":true},"lifecycle_details":{"type":"string","description_kind":"plain","computed":true},"nsg_ids":{"type":["set","string"],"description_kind":"plain","optional":true},"peer_data_guard_association_id":{"type":"string","description_kind":"plain","computed":true},"peer_database_id":{"type":"string","description_kind":"plain","computed":true},"peer_db_home_id":{"type":"string","description_kind":"plain","computed":true},"peer_db_system_id":{"type":"string","description_kind":"plain","optional":true,"computed":true},"peer_role":{"type":"string","description_kind":"plain","computed":true},"peer_vm_cluster_id":{"type":"string","description_kind":"plain","optional":true,"computed":true},"protection_mode":{"type":"string","description_kind":"plain","required":true},"role":{"type":"string","description_kind":"plain","computed":true},"shape":{"type":"string","description_kind":"plain","optional":true,"computed":true},"state":{"type":"string","description_kind":"plain","computed":true},"subnet_id":{"type":"string","description_kind":"plain","optional":true,"computed":true},"time_created":{"type":"string","description_kind":"plain","computed":true},"transport_type":{"type":"string","description_kind":"plain","required":true}},"block_types":{"timeouts":{"nesting_mode":"single","block":{"attributes":{"create":{"type":"string","description_kind":"plain","optional":true},"delete":{"type":"string","description_kind":"plain","optional":true},"update":{"type":"string","description_kind":"plain","optional":true}},"description_kind":"plain"}}},"description_kind":"plain"}},"oci_database_database":{"version":0,"block":{"attributes":{"character_set":{"type":"string","description_kind":"plain","computed":true},"compartment_id":{"type":"string","description_kind":"plain","computed":true},"connection_strings":{"type":["list",["object",{"all_connection_strings":["map","string"],"cdb_default":"string","cdb_ip_default":"string"}]],"description_kind":"plain","computed":true},"database_software_image_id":{"type":"string","description_kind":"plain","computed":true},"db_backup_config":{"type":["list",["object",{"auto_backup_enabled":"bool","auto_backup_window":"string","backup_destination_details":["list",["object",{"id":"string","type":"string"}]],"recovery_window_in_days":"number"}]],"description_kind":"plain","computed":true},"db_home_id":{"type":"string","description_kind":"plain","required":true},"db_name":{"type":"string","description_kind":"plain","computed":true},"db_system_id":{"type":"string","description_kind":"plain","computed":true},"db_unique_name":{"type":"string","description_kind":"plain","computed":true},"db_version":{"type":"string","description_kind":"plain","optional":true,"computed":true},"db_workload":{"type":"string","description_kind":"plain","computed":true},"defined_tags":{"type":["map","string"],"description_kind":"plain","computed":true},"freeform_tags":{"type":["map","string"],"description_kind":"plain","computed":true},"id":{"type":"string","description_kind":"plain","optional":true,"computed":true},"last_backup_timestamp":{"type":"string","description_kind":"plain","computed":true},"lifecycle_details":{"type":"string","description_kind":"plain","computed":true},"ncharacter_set":{"type":"string","description_kind":"plain","computed":true},"pdb_name":{"type":"string","description_kind":"plain","computed":true},"source":{"type":"string","description_kind":"plain","required":true},"source_database_point_in_time_recovery_timestamp":{"type":"string","description_kind":"plain","computed":true},"state":{"type":"string","description_kind":"plain","computed":true},"time_created":{"type":"string","description_kind":"plain","computed":true},"vm_cluster_id":{"type":"string","description_kind":"plain","computed":true}},"block_types":{"database":{"nesting_mode":"list","block":{"attributes":{"admin_password":{"type":"string","description_kind":"plain","required":true,"sensitive":true},"backup_id":{"type":"string","description_kind":"plain","optional":true},"backup_tde_password":{"type":"string","description_kind":"plain","optional":true,"sensitive":true},"character_set":{"type":"string","description_kind":"plain","optional":true,"computed":true},"database_software_image_id":{"type":"string","description_kind":"plain","optional":true,"computed":true},"db_name":{"type":"string","description_kind":"plain","required":true},"db_unique_name":{"type":"string","description_kind":"plain","optional":true,"computed":true},"db_workload":{"type":"string","description_kind":"plain","optional":true,"computed":true},"defined_tags":{"type":["map","string"],"description_kind":"plain","optional":true,"computed":true},"freeform_tags":{"type":["map","string"],"description_kind":"plain","optional":true,"computed":true},"ncharacter_set":{"type":"string","description_kind":"plain","optional":true,"computed":true},"pdb_name":{"type":"string","description_kind":"plain","optional":true,"computed":true}},"block_types":{"db_backup_config":{"nesting_mode":"list","block":{"attributes":{"auto_backup_enabled":{"type":"bool","description_kind":"plain","optional":true,"computed":true},"auto_backup_window":{"type":"string","description_kind":"plain","optional":true,"computed":true},"recovery_window_in_days":{"type":"number","description_kind":"plain","optional":true,"computed":true}},"block_types":{"backup_destination_details":{"nesting_mode":"list","block":{"attributes":{"id":{"type":"string","description_kind":"plain","optional":true,"computed":true},"type":{"type":"string","description_kind":"plain","optional":true}},"description_kind":"plain"}}},"description_kind":"plain"},"max_items":1}},"description_kind":"plain"},"min_items":1,"max_items":1},"timeouts":{"nesting_mode":"single","block":{"attributes":{"create":{"type":"string","description_kind":"plain","optional":true},"delete":{"type":"string","description_kind":"plain","optional":true},"update":{"type":"string","description_kind":"plain","optional":true}},"description_kind":"plain"}}},"description_kind":"plain"}},"oci_database_database_software_image":{"version":0,"block":{"attributes":{"compartment_id":{"type":"string","description_kind":"plain","required":true},"database_software_image_included_patches":{"type":["list","string"],"description_kind":"plain","computed":true},"database_software_image_one_off_patches":{"type":["list","string"],"description_kind":"plain","optional":true,"computed":true},"database_version":{"type":"string","description_kind":"plain","required":true},"defined_tags":{"type":["map","string"],"description_kind":"plain","optional":true,"computed":true},"display_name":{"type":"string","description_kind":"plain","required":true},"freeform_tags":{"type":["map","string"],"description_kind":"plain","optional":true,"computed":true},"id":{"type":"string","description_kind":"plain","optional":true,"computed":true},"image_shape_family":{"type":"string","description_kind":"plain","optional":true,"computed":true},"image_type":{"type":"string","description_kind":"plain","optional":true,"computed":true},"included_patches_summary":{"type":"string","description_kind":"plain","computed":true},"lifecycle_details":{"type":"string","description_kind":"plain","computed":true},"ls_inventory":{"type":"string","description_kind":"plain","optional":true,"computed":true},"patch_set":{"type":"string","description_kind":"plain","required":true},"state":{"type":"string","description_kind":"plain","computed":true},"time_created":{"type":"string","description_kind":"plain","computed":true}},"block_types":{"timeouts":{"nesting_mode":"single","block":{"attributes":{"create":{"type":"string","description_kind":"plain","optional":true},"delete":{"type":"string","description_kind":"plain","optional":true},"update":{"type":"string","description_kind":"plain","optional":true}},"description_kind":"plain"}}},"description_kind":"plain"}},"oci_database_db_home":{"version":0,"block":{"attributes":{"compartment_id":{"type":"string","description_kind":"plain","computed":true},"database_software_image_id":{"type":"string","description_kind":"plain","optional":true,"computed":true},"db_home_location":{"type":"string","description_kind":"plain","computed":true},"db_system_id":{"type":"string","description_kind":"plain","optional":true,"computed":true},"db_version":{"type":"string","description_kind":"plain","optional":true,"computed":true},"defined_tags":{"type":["map","string"],"description_kind":"plain","optional":true,"computed":true},"display_name":{"type":"string","description_kind":"plain","optional":true,"computed":true},"freeform_tags":{"type":["map","string"],"description_kind":"plain","optional":true,"computed":true},"id":{"type":"string","description_kind":"plain","optional":true,"computed":true},"last_patch_history_entry_id":{"type":"string","description_kind":"plain","computed":true},"lifecycle_details":{"type":"string","description_kind":"plain","computed":true},"source":{"type":"string","description_kind":"plain","optional":true,"computed":true},"state":{"type":"string","description_kind":"plain","computed":true},"time_created":{"type":"string","description_kind":"plain","computed":true},"vm_cluster_id":{"type":"string","description_kind":"plain","optional":true,"computed":true}},"block_types":{"database":{"nesting_mode":"list","block":{"attributes":{"admin_password":{"type":"string","description_kind":"plain","required":true,"sensitive":true},"backup_id":{"type":"string","description_kind":"plain","optional":true,"computed":true},"backup_tde_password":{"type":"string","description_kind":"plain","optional":true,"computed":true,"sensitive":true},"character_set":{"type":"string","description_kind":"plain","optional":true,"computed":true},"connection_strings":{"type":["list",["object",{"all_connection_strings":["map","string"],"cdb_default":"string","cdb_ip_default":"string"}]],"description_kind":"plain","computed":true},"database_id":{"type":"string","description_kind":"plain","optional":true,"computed":true},"database_software_image_id":{"type":"string","description_kind":"plain","optional":true,"computed":true},"db_name":{"type":"string","description_kind":"plain","optional":true,"computed":true},"db_unique_name":{"type":"string","description_kind":"plain","computed":true},"db_workload":{"type":"string","description_kind":"plain","optional":true,"computed":true},"defined_tags":{"type":["map","string"],"description_kind":"plain","optional":true,"computed":true},"freeform_tags":{"type":["map","string"],"description_kind":"plain","optional":true,"computed":true},"id":{"type":"string","description_kind":"plain","computed":true},"lifecycle_details":{"type":"string","description_kind":"plain","computed":true},"ncharacter_set":{"type":"string","description_kind":"plain","optional":true,"computed":true},"one_off_patches":{"type":["list","string"],"description_kind":"plain","computed":true},"pdb_name":{"type":"string","description_kind":"plain","optional":true,"computed":true},"state":{"type":"string","description_kind":"plain","computed":true},"time_created":{"type":"string","description_kind":"plain","computed":true},"time_stamp_for_point_in_time_recovery":{"type":"string","description_kind":"plain","optional":true,"computed":true}},"block_types":{"db_backup_config":{"nesting_mode":"list","block":{"attributes":{"auto_backup_enabled":{"type":"bool","description_kind":"plain","optional":true,"computed":true},"auto_backup_window":{"type":"string","description_kind":"plain","optional":true,"computed":true},"recovery_window_in_days":{"type":"number","description_kind":"plain","optional":true,"computed":true}},"block_types":{"backup_destination_details":{"nesting_mode":"list","block":{"attributes":{"id":{"type":"string","description_kind":"plain","optional":true,"computed":true},"type":{"type":"string","description_kind":"plain","optional":true,"computed":true}},"description_kind":"plain"}}},"description_kind":"plain"},"max_items":1}},"description_kind":"plain"},"min_items":1,"max_items":1},"timeouts":{"nesting_mode":"single","block":{"attributes":{"create":{"type":"string","description_kind":"plain","optional":true},"delete":{"type":"string","description_kind":"plain","optional":true},"update":{"type":"string","description_kind":"plain","optional":true}},"description_kind":"plain"}}},"description_kind":"plain"}},"oci_database_db_node_console_connection":{"version":0,"block":{"attributes":{"compartment_id":{"type":"string","description_kind":"plain","computed":true},"connection_string":{"type":"string","description_kind":"plain","computed":true},"db_node_id":{"type":"string","description_kind":"plain","required":true},"fingerprint":{"type":"string","description_kind":"plain","computed":true},"id":{"type":"string","description_kind":"plain","optional":true,"computed":true},"public_key":{"type":"string","description_kind":"plain","required":true},"state":{"type":"string","description_kind":"plain","computed":true}},"block_types":{"timeouts":{"nesting_mode":"single","block":{"attributes":{"create":{"type":"string","description_kind":"plain","optional":true},"delete":{"type":"string","description_kind":"plain","optional":true},"update":{"type":"string","description_kind":"plain","optional":true}},"description_kind":"plain"}}},"description_kind":"plain"}},"oci_database_db_system":{"version":0,"block":{"attributes":{"availability_domain":{"type":"string","description_kind":"plain","required":true},"backup_network_nsg_ids":{"type":["set","string"],"description_kind":"plain","optional":true},"backup_subnet_id":{"type":"string","description_kind":"plain","optional":true,"computed":true},"cluster_name":{"type":"string","description_kind":"plain","optional":true,"computed":true},"compartment_id":{"type":"string","description_kind":"plain","required":true},"cpu_core_count":{"type":"number","description_kind":"plain","optional":true,"computed":true},"data_storage_percentage":{"type":"number","description_kind":"plain","optional":true,"computed":true},"data_storage_size_in_gb":{"type":"number","description_kind":"plain","optional":true,"computed":true},"database_edition":{"type":"string","description_kind":"plain","optional":true,"computed":true},"defined_tags":{"type":["map","string"],"description_kind":"plain","optional":true,"computed":true},"disk_redundancy":{"type":"string","description_kind":"plain","optional":true,"computed":true},"display_name":{"type":"string","description_kind":"plain","optional":true,"computed":true},"domain":{"type":"string","description_kind":"plain","optional":true,"computed":true},"fault_domains":{"type":["list","string"],"description_kind":"plain","optional":true,"computed":true},"freeform_tags":{"type":["map","string"],"description_kind":"plain","optional":true,"computed":true},"hostname":{"type":"string","description_kind":"plain","required":true},"id":{"type":"string","description_kind":"plain","optional":true,"computed":true},"iorm_config_cache":{"type":["list",["object",{"db_plans":["list",["object",{"db_name":"string","flash_cache_limit":"string","share":"number"}]],"db_system_id":"string","lifecycle_details":"string","objective":"string","state":"string"}]],"description_kind":"plain","computed":true},"last_maintenance_run_id":{"type":"string","description_kind":"plain","computed":true},"last_patch_history_entry_id":{"type":"string","description_kind":"plain","computed":true},"license_model":{"type":"string","description_kind":"plain","optional":true,"computed":true},"lifecycle_details":{"type":"string","description_kind":"plain","computed":true},"listener_port":{"type":"number","description_kind":"plain","computed":true},"maintenance_window":{"type":["list",["object",{"days_of_week":["list",["object",{"name":"string"}]],"hours_of_day":["list","number"],"lead_time_in_weeks":"number","months":["list",["object",{"name":"string"}]],"preference":"string","weeks_of_month":["list","number"]}]],"description_kind":"plain","computed":true},"next_maintenance_run_id":{"type":"string","description_kind":"plain","computed":true},"node_count":{"type":"number","description_kind":"plain","optional":true,"computed":true},"nsg_ids":{"type":["set","string"],"description_kind":"plain","optional":true},"point_in_time_data_disk_clone_timestamp":{"type":"string","description_kind":"plain","computed":true},"private_ip":{"type":"string","description_kind":"plain","optional":true,"computed":true},"reco_storage_size_in_gb":{"type":"number","description_kind":"plain","computed":true},"scan_dns_record_id":{"type":"string","description_kind":"plain","computed":true},"scan_ip_ids":{"type":["list","string"],"description_kind":"plain","computed":true},"shape":{"type":"string","description_kind":"plain","required":true},"source":{"type":"string","description_kind":"plain","optional":true,"computed":true},"source_db_system_id":{"type":"string","description_kind":"plain","optional":true,"computed":true},"sparse_diskgroup":{"type":"bool","description_kind":"plain","optional":true,"computed":true},"ssh_public_keys":{"type":["set","string"],"description_kind":"plain","required":true},"state":{"type":"string","description_kind":"plain","computed":true},"subnet_id":{"type":"string","description_kind":"plain","required":true},"time_created":{"type":"string","description_kind":"plain","computed":true},"time_zone":{"type":"string","description_kind":"plain","optional":true,"computed":true},"version":{"type":"string","description_kind":"plain","computed":true},"vip_ids":{"type":["list","string"],"description_kind":"plain","computed":true}},"block_types":{"db_home":{"nesting_mode":"list","block":{"attributes":{"database_software_image_id":{"type":"string","description_kind":"plain","optional":true,"computed":true},"db_home_location":{"type":"string","description_kind":"plain","computed":true},"db_version":{"type":"string","description_kind":"plain","optional":true,"computed":true},"defined_tags":{"type":["map","string"],"description_kind":"plain","optional":true,"computed":true},"display_name":{"type":"string","description_kind":"plain","optional":true,"computed":true},"freeform_tags":{"type":["map","string"],"description_kind":"plain","optional":true,"computed":true},"id":{"type":"string","description_kind":"plain","computed":true},"last_patch_history_entry_id":{"type":"string","description_kind":"plain","computed":true},"lifecycle_details":{"type":"string","description_kind":"plain","computed":true},"state":{"type":"string","description_kind":"plain","computed":true},"time_created":{"type":"string","description_kind":"plain","computed":true}},"block_types":{"database":{"nesting_mode":"list","block":{"attributes":{"admin_password":{"type":"string","description_kind":"plain","required":true,"sensitive":true},"backup_id":{"type":"string","description_kind":"plain","optional":true,"computed":true},"backup_tde_password":{"type":"string","description_kind":"plain","optional":true,"computed":true,"sensitive":true},"character_set":{"type":"string","description_kind":"plain","optional":true,"computed":true},"connection_strings":{"type":["list",["object",{"all_connection_strings":["map","string"],"cdb_default":"string","cdb_ip_default":"string"}]],"description_kind":"plain","computed":true},"database_id":{"type":"string","description_kind":"plain","optional":true,"computed":true},"database_software_image_id":{"type":"string","description_kind":"plain","optional":true,"computed":true},"db_domain":{"type":"string","description_kind":"plain","optional":true,"computed":true},"db_name":{"type":"string","description_kind":"plain","optional":true,"computed":true},"db_unique_name":{"type":"string","description_kind":"plain","computed":true},"db_workload":{"type":"string","description_kind":"plain","optional":true,"computed":true},"defined_tags":{"type":["map","string"],"description_kind":"plain","optional":true,"computed":true},"freeform_tags":{"type":["map","string"],"description_kind":"plain","optional":true,"computed":true},"id":{"type":"string","description_kind":"plain","computed":true},"lifecycle_details":{"type":"string","description_kind":"plain","computed":true},"ncharacter_set":{"type":"string","description_kind":"plain","optional":true,"computed":true},"pdb_name":{"type":"string","description_kind":"plain","optional":true,"computed":true},"state":{"type":"string","description_kind":"plain","computed":true},"time_created":{"type":"string","description_kind":"plain","computed":true},"time_stamp_for_point_in_time_recovery":{"type":"string","description_kind":"plain","optional":true,"computed":true}},"block_types":{"db_backup_config":{"nesting_mode":"list","block":{"attributes":{"auto_backup_enabled":{"type":"bool","description_kind":"plain","optional":true,"computed":true},"auto_backup_window":{"type":"string","description_kind":"plain","optional":true,"computed":true},"recovery_window_in_days":{"type":"number","description_kind":"plain","optional":true,"computed":true}},"block_types":{"backup_destination_details":{"nesting_mode":"list","block":{"attributes":{"id":{"type":"string","description_kind":"plain","optional":true,"computed":true},"type":{"type":"string","description_kind":"plain","optional":true,"computed":true}},"description_kind":"plain"}}},"description_kind":"plain"},"max_items":1}},"description_kind":"plain"},"min_items":1,"max_items":1}},"description_kind":"plain"},"min_items":1,"max_items":1},"db_system_options":{"nesting_mode":"list","block":{"attributes":{"storage_management":{"type":"string","description_kind":"plain","optional":true,"computed":true}},"description_kind":"plain"},"max_items":1},"maintenance_window_details":{"nesting_mode":"list","block":{"attributes":{"hours_of_day":{"type":["list","number"],"description_kind":"plain","optional":true,"computed":true},"lead_time_in_weeks":{"type":"number","description_kind":"plain","optional":true,"computed":true},"preference":{"type":"string","description_kind":"plain","optional":true,"computed":true},"weeks_of_month":{"type":["list","number"],"description_kind":"plain","optional":true,"computed":true}},"block_types":{"days_of_week":{"nesting_mode":"list","block":{"attributes":{"name":{"type":"string","description_kind":"plain","optional":true,"computed":true}},"description_kind":"plain"}},"months":{"nesting_mode":"list","block":{"attributes":{"name":{"type":"string","description_kind":"plain","optional":true,"computed":true}},"description_kind":"plain"}}},"description_kind":"plain"},"max_items":1},"timeouts":{"nesting_mode":"single","block":{"attributes":{"create":{"type":"string","description_kind":"plain","optional":true},"delete":{"type":"string","description_kind":"plain","optional":true},"update":{"type":"string","description_kind":"plain","optional":true}},"description_kind":"plain"}}},"description_kind":"plain"}},"oci_database_exadata_infrastructure":{"version":0,"block":{"attributes":{"activation_file":{"type":"string","description_kind":"plain","optional":true},"admin_network_cidr":{"type":"string","description_kind":"plain","required":true},"cloud_control_plane_server1":{"type":"string","description_kind":"plain","required":true},"cloud_control_plane_server2":{"type":"string","description_kind":"plain","required":true},"compartment_id":{"type":"string","description_kind":"plain","required":true},"corporate_proxy":{"type":"string","description_kind":"plain","optional":true,"computed":true},"cpus_enabled":{"type":"number","description_kind":"plain","computed":true},"data_storage_size_in_tbs":{"type":"number","description_kind":"plain","computed":true},"db_node_storage_size_in_gbs":{"type":"number","description_kind":"plain","computed":true},"defined_tags":{"type":["map","string"],"description_kind":"plain","optional":true,"computed":true},"display_name":{"type":"string","description_kind":"plain","required":true},"dns_server":{"type":["list","string"],"description_kind":"plain","required":true},"freeform_tags":{"type":["map","string"],"description_kind":"plain","optional":true,"computed":true},"gateway":{"type":"string","description_kind":"plain","required":true},"id":{"type":"string","description_kind":"plain","optional":true,"computed":true},"infini_band_network_cidr":{"type":"string","description_kind":"plain","required":true},"lifecycle_details":{"type":"string","description_kind":"plain","computed":true},"max_cpu_count":{"type":"number","description_kind":"plain","computed":true},"max_data_storage_in_tbs":{"type":"number","description_kind":"plain","computed":true},"max_db_node_storage_in_gbs":{"type":"number","description_kind":"plain","computed":true},"max_memory_in_gbs":{"type":"number","description_kind":"plain","computed":true},"memory_size_in_gbs":{"type":"number","description_kind":"plain","computed":true},"netmask":{"type":"string","description_kind":"plain","required":true},"ntp_server":{"type":["list","string"],"description_kind":"plain","required":true},"shape":{"type":"string","description_kind":"plain","required":true},"state":{"type":"string","description_kind":"plain","computed":true},"time_created":{"type":"string","description_kind":"plain","computed":true},"time_zone":{"type":"string","description_kind":"plain","required":true}},"block_types":{"timeouts":{"nesting_mode":"single","block":{"attributes":{"create":{"type":"string","description_kind":"plain","optional":true},"delete":{"type":"string","description_kind":"plain","optional":true},"update":{"type":"string","description_kind":"plain","optional":true}},"description_kind":"plain"}}},"description_kind":"plain"}},"oci_database_exadata_iorm_config":{"version":0,"block":{"attributes":{"db_system_id":{"type":"string","description_kind":"plain","required":true},"id":{"type":"string","description_kind":"plain","optional":true,"computed":true},"lifecycle_details":{"type":"string","description_kind":"plain","computed":true},"objective":{"type":"string","description_kind":"plain","optional":true,"computed":true},"state":{"type":"string","description_kind":"plain","computed":true}},"block_types":{"db_plans":{"nesting_mode":"set","block":{"attributes":{"db_name":{"type":"string","description_kind":"plain","required":true},"flash_cache_limit":{"type":"string","description_kind":"plain","computed":true},"share":{"type":"number","description_kind":"plain","required":true}},"description_kind":"plain"},"min_items":1},"timeouts":{"nesting_mode":"single","block":{"attributes":{"create":{"type":"string","description_kind":"plain","optional":true},"delete":{"type":"string","description_kind":"plain","optional":true},"update":{"type":"string","description_kind":"plain","optional":true}},"description_kind":"plain"}}},"description_kind":"plain"}},"oci_database_maintenance_run":{"version":0,"block":{"attributes":{"compartment_id":{"type":"string","description_kind":"plain","computed":true},"description":{"type":"string","description_kind":"plain","computed":true},"display_name":{"type":"string","description_kind":"plain","computed":true},"id":{"type":"string","description_kind":"plain","optional":true,"computed":true},"is_enabled":{"type":"bool","description_kind":"plain","optional":true,"computed":true},"is_patch_now_enabled":{"type":"bool","description_kind":"plain","optional":true,"computed":true},"lifecycle_details":{"type":"string","description_kind":"plain","computed":true},"maintenance_run_id":{"type":"string","description_kind":"plain","required":true},"maintenance_subtype":{"type":"string","description_kind":"plain","computed":true},"maintenance_type":{"type":"string","description_kind":"plain","computed":true},"patch_id":{"type":"string","description_kind":"plain","optional":true,"computed":true},"state":{"type":"string","description_kind":"plain","computed":true},"target_resource_id":{"type":"string","description_kind":"plain","computed":true},"target_resource_type":{"type":"string","description_kind":"plain","computed":true},"time_ended":{"type":"string","description_kind":"plain","computed":true},"time_scheduled":{"type":"string","description_kind":"plain","optional":true,"computed":true},"time_started":{"type":"string","description_kind":"plain","computed":true}},"block_types":{"timeouts":{"nesting_mode":"single","block":{"attributes":{"create":{"type":"string","description_kind":"plain","optional":true},"delete":{"type":"string","description_kind":"plain","optional":true},"update":{"type":"string","description_kind":"plain","optional":true}},"description_kind":"plain"}}},"description_kind":"plain"}},"oci_database_vm_cluster":{"version":0,"block":{"attributes":{"compartment_id":{"type":"string","description_kind":"plain","required":true},"cpu_core_count":{"type":"number","description_kind":"plain","required":true},"cpus_enabled":{"type":"number","description_kind":"plain","computed":true},"data_storage_size_in_tbs":{"type":"number","description_kind":"plain","optional":true,"computed":true},"db_node_storage_size_in_gbs":{"type":"number","description_kind":"plain","optional":true,"computed":true},"defined_tags":{"type":["map","string"],"description_kind":"plain","optional":true,"computed":true},"display_name":{"type":"string","description_kind":"plain","required":true},"exadata_infrastructure_id":{"type":"string","description_kind":"plain","required":true},"freeform_tags":{"type":["map","string"],"description_kind":"plain","optional":true,"computed":true},"gi_version":{"type":"string","description_kind":"plain","required":true},"id":{"type":"string","description_kind":"plain","optional":true,"computed":true},"is_local_backup_enabled":{"type":"bool","description_kind":"plain","optional":true,"computed":true},"is_sparse_diskgroup_enabled":{"type":"bool","description_kind":"plain","optional":true,"computed":true},"last_patch_history_entry_id":{"type":"string","description_kind":"plain","computed":true},"license_model":{"type":"string","description_kind":"plain","optional":true,"computed":true},"lifecycle_details":{"type":"string","description_kind":"plain","computed":true},"memory_size_in_gbs":{"type":"number","description_kind":"plain","optional":true,"computed":true},"shape":{"type":"string","description_kind":"plain","computed":true},"ssh_public_keys":{"type":["set","string"],"description_kind":"plain","required":true},"state":{"type":"string","description_kind":"plain","computed":true},"time_created":{"type":"string","description_kind":"plain","computed":true},"time_zone":{"type":"string","description_kind":"plain","optional":true,"computed":true},"vm_cluster_network_id":{"type":"string","description_kind":"plain","required":true}},"block_types":{"timeouts":{"nesting_mode":"single","block":{"attributes":{"create":{"type":"string","description_kind":"plain","optional":true},"delete":{"type":"string","description_kind":"plain","optional":true},"update":{"type":"string","description_kind":"plain","optional":true}},"description_kind":"plain"}}},"description_kind":"plain"}},"oci_database_vm_cluster_network":{"version":0,"block":{"attributes":{"compartment_id":{"type":"string","description_kind":"plain","required":true},"defined_tags":{"type":["map","string"],"description_kind":"plain","optional":true,"computed":true},"display_name":{"type":"string","description_kind":"plain","required":true},"dns":{"type":["list","string"],"description_kind":"plain","optional":true,"computed":true},"exadata_infrastructure_id":{"type":"string","description_kind":"plain","required":true},"freeform_tags":{"type":["map","string"],"description_kind":"plain","optional":true,"computed":true},"id":{"type":"string","description_kind":"plain","optional":true,"computed":true},"lifecycle_details":{"type":"string","description_kind":"plain","computed":true},"ntp":{"type":["list","string"],"description_kind":"plain","optional":true,"computed":true},"state":{"type":"string","description_kind":"plain","computed":true},"time_created":{"type":"string","description_kind":"plain","computed":true},"validate_vm_cluster_network":{"type":"bool","description_kind":"plain","optional":true},"vm_cluster_id":{"type":"string","description_kind":"plain","computed":true}},"block_types":{"scans":{"nesting_mode":"set","block":{"attributes":{"hostname":{"type":"string","description_kind":"plain","required":true},"ips":{"type":["list","string"],"description_kind":"plain","required":true},"port":{"type":"number","description_kind":"plain","required":true}},"description_kind":"plain"},"min_items":1},"timeouts":{"nesting_mode":"single","block":{"attributes":{"create":{"type":"string","description_kind":"plain","optional":true},"delete":{"type":"string","description_kind":"plain","optional":true},"update":{"type":"string","description_kind":"plain","optional":true}},"description_kind":"plain"}},"vm_networks":{"nesting_mode":"set","block":{"attributes":{"domain_name":{"type":"string","description_kind":"plain","required":true},"gateway":{"type":"string","description_kind":"plain","required":true},"netmask":{"type":"string","description_kind":"plain","required":true},"network_type":{"type":"string","description_kind":"plain","required":true},"vlan_id":{"type":"string","description_kind":"plain","required":true}},"block_types":{"nodes":{"nesting_mode":"set","block":{"attributes":{"hostname":{"type":"string","description_kind":"plain","required":true},"ip":{"type":"string","description_kind":"plain","required":true},"vip":{"type":"string","description_kind":"plain","optional":true,"computed":true},"vip_hostname":{"type":"string","description_kind":"plain","optional":true,"computed":true}},"description_kind":"plain"},"min_items":1}},"description_kind":"plain"},"min_items":1}},"description_kind":"plain"}},"oci_datacatalog_catalog":{"version":0,"block":{"attributes":{"attached_catalog_private_endpoints":{"type":["set","string"],"description_kind":"plain","optional":true,"computed":true},"compartment_id":{"type":"string","description_kind":"plain","required":true},"defined_tags":{"type":["map","string"],"description_kind":"plain","optional":true,"computed":true},"display_name":{"type":"string","description_kind":"plain","optional":true,"computed":true},"freeform_tags":{"type":["map","string"],"description_kind":"plain","optional":true,"computed":true},"id":{"type":"string","description_kind":"plain","optional":true,"computed":true},"lifecycle_details":{"type":"string","description_kind":"plain","computed":true},"number_of_objects":{"type":"number","description_kind":"plain","computed":true},"service_api_url":{"type":"string","description_kind":"plain","computed":true},"service_console_url":{"type":"string","description_kind":"plain","computed":true},"state":{"type":"string","description_kind":"plain","computed":true},"time_created":{"type":"string","description_kind":"plain","computed":true},"time_updated":{"type":"string","description_kind":"plain","computed":true}},"block_types":{"timeouts":{"nesting_mode":"single","block":{"attributes":{"create":{"type":"string","description_kind":"plain","optional":true},"delete":{"type":"string","description_kind":"plain","optional":true},"update":{"type":"string","description_kind":"plain","optional":true}},"description_kind":"plain"}}},"description_kind":"plain"}},"oci_datacatalog_catalog_private_endpoint":{"version":0,"block":{"attributes":{"attached_catalogs":{"type":["list","string"],"description_kind":"plain","computed":true},"compartment_id":{"type":"string","description_kind":"plain","required":true},"defined_tags":{"type":["map","string"],"description_kind":"plain","optional":true,"computed":true},"display_name":{"type":"string","description_kind":"plain","optional":true,"computed":true},"dns_zones":{"type":["list","string"],"description_kind":"plain","required":true},"freeform_tags":{"type":["map","string"],"description_kind":"plain","optional":true,"computed":true},"id":{"type":"string","description_kind":"plain","optional":true,"computed":true},"lifecycle_details":{"type":"string","description_kind":"plain","computed":true},"state":{"type":"string","description_kind":"plain","computed":true},"subnet_id":{"type":"string","description_kind":"plain","required":true},"time_created":{"type":"string","description_kind":"plain","computed":true},"time_updated":{"type":"string","description_kind":"plain","computed":true}},"block_types":{"timeouts":{"nesting_mode":"single","block":{"attributes":{"create":{"type":"string","description_kind":"plain","optional":true},"delete":{"type":"string","description_kind":"plain","optional":true},"update":{"type":"string","description_kind":"plain","optional":true}},"description_kind":"plain"}}},"description_kind":"plain"}},"oci_datacatalog_connection":{"version":0,"block":{"attributes":{"catalog_id":{"type":"string","description_kind":"plain","required":true},"created_by_id":{"type":"string","description_kind":"plain","computed":true},"data_asset_key":{"type":"string","description_kind":"plain","required":true},"description":{"type":"string","description_kind":"plain","optional":true,"computed":true},"display_name":{"type":"string","description_kind":"plain","required":true},"enc_properties":{"type":["map","string"],"description_kind":"plain","optional":true,"sensitive":true},"external_key":{"type":"string","description_kind":"plain","computed":true},"id":{"type":"string","description_kind":"plain","optional":true,"computed":true},"is_default":{"type":"bool","description_kind":"plain","optional":true,"computed":true},"key":{"type":"string","description_kind":"plain","computed":true},"properties":{"type":["map","string"],"description_kind":"plain","required":true},"state":{"type":"string","description_kind":"plain","computed":true},"time_created":{"type":"string","description_kind":"plain","computed":true},"time_status_updated":{"type":"string","description_kind":"plain","computed":true},"time_updated":{"type":"string","description_kind":"plain","computed":true},"type_key":{"type":"string","description_kind":"plain","required":true},"updated_by_id":{"type":"string","description_kind":"plain","computed":true},"uri":{"type":"string","description_kind":"plain","computed":true}},"block_types":{"timeouts":{"nesting_mode":"single","block":{"attributes":{"create":{"type":"string","description_kind":"plain","optional":true},"delete":{"type":"string","description_kind":"plain","optional":true},"update":{"type":"string","description_kind":"plain","optional":true}},"description_kind":"plain"}}},"description_kind":"plain"}},"oci_datacatalog_data_asset":{"version":0,"block":{"attributes":{"catalog_id":{"type":"string","description_kind":"plain","required":true},"created_by_id":{"type":"string","description_kind":"plain","computed":true},"description":{"type":"string","description_kind":"plain","optional":true,"computed":true},"display_name":{"type":"string","description_kind":"plain","required":true},"external_key":{"type":"string","description_kind":"plain","computed":true},"id":{"type":"string","description_kind":"plain","optional":true,"computed":true},"key":{"type":"string","description_kind":"plain","computed":true},"properties":{"type":["map","string"],"description_kind":"plain","optional":true,"computed":true},"state":{"type":"string","description_kind":"plain","computed":true},"time_created":{"type":"string","description_kind":"plain","computed":true},"time_updated":{"type":"string","description_kind":"plain","computed":true},"type_key":{"type":"string","description_kind":"plain","required":true},"updated_by_id":{"type":"string","description_kind":"plain","computed":true},"uri":{"type":"string","description_kind":"plain","computed":true}},"block_types":{"timeouts":{"nesting_mode":"single","block":{"attributes":{"create":{"type":"string","description_kind":"plain","optional":true},"delete":{"type":"string","description_kind":"plain","optional":true},"update":{"type":"string","description_kind":"plain","optional":true}},"description_kind":"plain"}}},"description_kind":"plain"}},"oci_dataflow_application":{"version":0,"block":{"attributes":{"archive_uri":{"type":"string","description_kind":"plain","optional":true},"arguments":{"type":["list","string"],"description_kind":"plain","optional":true,"computed":true},"class_name":{"type":"string","description_kind":"plain","optional":true},"compartment_id":{"type":"string","description_kind":"plain","required":true},"configuration":{"type":["map","string"],"description_kind":"plain","optional":true,"computed":true},"defined_tags":{"type":["map","string"],"description_kind":"plain","optional":true,"computed":true},"description":{"type":"string","description_kind":"plain","optional":true,"computed":true},"display_name":{"type":"string","description_kind":"plain","required":true},"driver_shape":{"type":"string","description_kind":"plain","required":true},"executor_shape":{"type":"string","description_kind":"plain","required":true},"file_uri":{"type":"string","description_kind":"plain","required":true},"freeform_tags":{"type":["map","string"],"description_kind":"plain","optional":true,"computed":true},"id":{"type":"string","description_kind":"plain","optional":true,"computed":true},"language":{"type":"string","description_kind":"plain","required":true},"logs_bucket_uri":{"type":"string","description_kind":"plain","optional":true,"computed":true},"num_executors":{"type":"number","description_kind":"plain","required":true},"owner_principal_id":{"type":"string","description_kind":"plain","computed":true},"owner_user_name":{"type":"string","description_kind":"plain","computed":true},"private_endpoint_id":{"type":"string","description_kind":"plain","optional":true,"computed":true},"spark_version":{"type":"string","description_kind":"plain","required":true},"state":{"type":"string","description_kind":"plain","computed":true},"time_created":{"type":"string","description_kind":"plain","computed":true},"time_updated":{"type":"string","description_kind":"plain","computed":true},"warehouse_bucket_uri":{"type":"string","description_kind":"plain","optional":true,"computed":true}},"block_types":{"parameters":{"nesting_mode":"list","block":{"attributes":{"name":{"type":"string","description_kind":"plain","required":true},"value":{"type":"string","description_kind":"plain","required":true}},"description_kind":"plain"}},"timeouts":{"nesting_mode":"single","block":{"attributes":{"create":{"type":"string","description_kind":"plain","optional":true},"delete":{"type":"string","description_kind":"plain","optional":true},"update":{"type":"string","description_kind":"plain","optional":true}},"description_kind":"plain"}}},"description_kind":"plain"}},"oci_dataflow_invoke_run":{"version":0,"block":{"attributes":{"application_id":{"type":"string","description_kind":"plain","required":true},"archive_uri":{"type":"string","description_kind":"plain","computed":true},"arguments":{"type":["list","string"],"description_kind":"plain","optional":true,"computed":true},"asynchronous":{"type":"bool","description_kind":"plain","optional":true},"class_name":{"type":"string","description_kind":"plain","computed":true},"compartment_id":{"type":"string","description_kind":"plain","required":true},"configuration":{"type":["map","string"],"description_kind":"plain","optional":true,"computed":true},"data_read_in_bytes":{"type":"string","description_kind":"plain","computed":true},"data_written_in_bytes":{"type":"string","description_kind":"plain","computed":true},"defined_tags":{"type":["map","string"],"description_kind":"plain","optional":true,"computed":true},"display_name":{"type":"string","description_kind":"plain","required":true},"driver_shape":{"type":"string","description_kind":"plain","optional":true,"computed":true},"executor_shape":{"type":"string","description_kind":"plain","optional":true,"computed":true},"file_uri":{"type":"string","description_kind":"plain","computed":true},"freeform_tags":{"type":["map","string"],"description_kind":"plain","optional":true,"computed":true},"id":{"type":"string","description_kind":"plain","optional":true,"computed":true},"language":{"type":"string","description_kind":"plain","computed":true},"lifecycle_details":{"type":"string","description_kind":"plain","computed":true},"logs_bucket_uri":{"type":"string","description_kind":"plain","optional":true,"computed":true},"num_executors":{"type":"number","description_kind":"plain","optional":true,"computed":true},"opc_request_id":{"type":"string","description_kind":"plain","computed":true},"owner_principal_id":{"type":"string","description_kind":"plain","computed":true},"owner_user_name":{"type":"string","description_kind":"plain","computed":true},"private_endpoint_dns_zones":{"type":["list","string"],"description_kind":"plain","computed":true},"private_endpoint_id":{"type":"string","description_kind":"plain","computed":true},"private_endpoint_max_host_count":{"type":"number","description_kind":"plain","computed":true},"private_endpoint_nsg_ids":{"type":["list","string"],"description_kind":"plain","computed":true},"private_endpoint_subnet_id":{"type":"string","description_kind":"plain","computed":true},"run_duration_in_milliseconds":{"type":"string","description_kind":"plain","computed":true},"spark_version":{"type":"string","description_kind":"plain","computed":true},"state":{"type":"string","description_kind":"plain","computed":true},"time_created":{"type":"string","description_kind":"plain","computed":true},"time_updated":{"type":"string","description_kind":"plain","computed":true},"total_ocpu":{"type":"number","description_kind":"plain","computed":true},"warehouse_bucket_uri":{"type":"string","description_kind":"plain","optional":true,"computed":true}},"block_types":{"parameters":{"nesting_mode":"list","block":{"attributes":{"name":{"type":"string","description_kind":"plain","required":true},"value":{"type":"string","description_kind":"plain","required":true}},"description_kind":"plain"}},"timeouts":{"nesting_mode":"single","block":{"attributes":{"create":{"type":"string","description_kind":"plain","optional":true},"delete":{"type":"string","description_kind":"plain","optional":true},"update":{"type":"string","description_kind":"plain","optional":true}},"description_kind":"plain"}}},"description_kind":"plain"}},"oci_dataflow_private_endpoint":{"version":0,"block":{"attributes":{"compartment_id":{"type":"string","description_kind":"plain","required":true},"defined_tags":{"type":["map","string"],"description_kind":"plain","optional":true,"computed":true},"description":{"type":"string","description_kind":"plain","optional":true,"computed":true},"display_name":{"type":"string","description_kind":"plain","optional":true,"computed":true},"dns_zones":{"type":["list","string"],"description_kind":"plain","required":true},"freeform_tags":{"type":["map","string"],"description_kind":"plain","optional":true,"computed":true},"id":{"type":"string","description_kind":"plain","optional":true,"computed":true},"lifecycle_details":{"type":"string","description_kind":"plain","computed":true},"max_host_count":{"type":"number","description_kind":"plain","optional":true,"computed":true},"nsg_ids":{"type":["set","string"],"description_kind":"plain","optional":true,"computed":true},"owner_principal_id":{"type":"string","description_kind":"plain","computed":true},"owner_user_name":{"type":"string","description_kind":"plain","computed":true},"state":{"type":"string","description_kind":"plain","computed":true},"subnet_id":{"type":"string","description_kind":"plain","required":true},"time_created":{"type":"string","description_kind":"plain","computed":true},"time_updated":{"type":"string","description_kind":"plain","computed":true}},"block_types":{"timeouts":{"nesting_mode":"single","block":{"attributes":{"create":{"type":"string","description_kind":"plain","optional":true},"delete":{"type":"string","description_kind":"plain","optional":true},"update":{"type":"string","description_kind":"plain","optional":true}},"description_kind":"plain"}}},"description_kind":"plain"}},"oci_dataintegration_workspace":{"version":0,"block":{"attributes":{"compartment_id":{"type":"string","description_kind":"plain","required":true},"defined_tags":{"type":["map","string"],"description_kind":"plain","optional":true,"computed":true},"description":{"type":"string","description_kind":"plain","optional":true,"computed":true},"display_name":{"type":"string","description_kind":"plain","required":true},"dns_server_ip":{"type":"string","description_kind":"plain","optional":true,"computed":true},"dns_server_zone":{"type":"string","description_kind":"plain","optional":true,"computed":true},"freeform_tags":{"type":["map","string"],"description_kind":"plain","optional":true,"computed":true},"id":{"type":"string","description_kind":"plain","optional":true,"computed":true},"is_force_operation":{"type":"bool","description_kind":"plain","optional":true},"is_private_network_enabled":{"type":"bool","description_kind":"plain","optional":true,"computed":true},"quiesce_timeout":{"type":"number","description_kind":"plain","optional":true},"state":{"type":"string","description_kind":"plain","computed":true},"state_message":{"type":"string","description_kind":"plain","computed":true},"subnet_id":{"type":"string","description_kind":"plain","optional":true,"computed":true},"time_created":{"type":"string","description_kind":"plain","computed":true},"time_updated":{"type":"string","description_kind":"plain","computed":true},"vcn_id":{"type":"string","description_kind":"plain","optional":true,"computed":true}},"block_types":{"timeouts":{"nesting_mode":"single","block":{"attributes":{"create":{"type":"string","description_kind":"plain","optional":true},"delete":{"type":"string","description_kind":"plain","optional":true},"update":{"type":"string","description_kind":"plain","optional":true}},"description_kind":"plain"}}},"description_kind":"plain"}},"oci_datascience_model":{"version":0,"block":{"attributes":{"artifact_content_disposition":{"type":"string","description_kind":"plain","optional":true,"computed":true},"artifact_content_length":{"type":"string","description_kind":"plain","required":true},"artifact_content_md5":{"type":"string","description_kind":"plain","computed":true},"artifact_last_modified":{"type":"string","description_kind":"plain","computed":true},"compartment_id":{"type":"string","description_kind":"plain","required":true},"created_by":{"type":"string","description_kind":"plain","computed":true},"defined_tags":{"type":["map","string"],"description_kind":"plain","optional":true,"computed":true},"description":{"type":"string","description_kind":"plain","optional":true,"computed":true},"display_name":{"type":"string","description_kind":"plain","optional":true,"computed":true},"empty_model":{"type":"bool","description_kind":"plain","computed":true},"freeform_tags":{"type":["map","string"],"description_kind":"plain","optional":true,"computed":true},"id":{"type":"string","description_kind":"plain","optional":true,"computed":true},"model_artifact":{"type":"string","description_kind":"plain","required":true},"project_id":{"type":"string","description_kind":"plain","required":true},"state":{"type":"string","description_kind":"plain","optional":true,"computed":true},"time_created":{"type":"string","description_kind":"plain","computed":true}},"block_types":{"timeouts":{"nesting_mode":"single","block":{"attributes":{"create":{"type":"string","description_kind":"plain","optional":true},"delete":{"type":"string","description_kind":"plain","optional":true},"update":{"type":"string","description_kind":"plain","optional":true}},"description_kind":"plain"}}},"description_kind":"plain"}},"oci_datascience_model_provenance":{"version":0,"block":{"attributes":{"git_branch":{"type":"string","description_kind":"plain","optional":true,"computed":true},"git_commit":{"type":"string","description_kind":"plain","optional":true,"computed":true},"id":{"type":"string","description_kind":"plain","optional":true,"computed":true},"model_id":{"type":"string","description_kind":"plain","required":true},"repository_url":{"type":"string","description_kind":"plain","optional":true,"computed":true},"script_dir":{"type":"string","description_kind":"plain","optional":true,"computed":true},"training_script":{"type":"string","description_kind":"plain","optional":true,"computed":true}},"block_types":{"timeouts":{"nesting_mode":"single","block":{"attributes":{"create":{"type":"string","description_kind":"plain","optional":true},"delete":{"type":"string","description_kind":"plain","optional":true},"update":{"type":"string","description_kind":"plain","optional":true}},"description_kind":"plain"}}},"description_kind":"plain"}},"oci_datascience_notebook_session":{"version":0,"block":{"attributes":{"compartment_id":{"type":"string","description_kind":"plain","required":true},"created_by":{"type":"string","description_kind":"plain","computed":true},"defined_tags":{"type":["map","string"],"description_kind":"plain","optional":true,"computed":true},"display_name":{"type":"string","description_kind":"plain","optional":true,"computed":true},"freeform_tags":{"type":["map","string"],"description_kind":"plain","optional":true,"computed":true},"id":{"type":"string","description_kind":"plain","optional":true,"computed":true},"lifecycle_details":{"type":"string","description_kind":"plain","computed":true},"notebook_session_url":{"type":"string","description_kind":"plain","computed":true},"project_id":{"type":"string","description_kind":"plain","required":true},"state":{"type":"string","description_kind":"plain","optional":true,"computed":true},"time_created":{"type":"string","description_kind":"plain","computed":true}},"block_types":{"notebook_session_configuration_details":{"nesting_mode":"list","block":{"attributes":{"block_storage_size_in_gbs":{"type":"number","description_kind":"plain","optional":true,"computed":true},"shape":{"type":"string","description_kind":"plain","required":true},"subnet_id":{"type":"string","description_kind":"plain","required":true}},"description_kind":"plain"},"min_items":1,"max_items":1},"timeouts":{"nesting_mode":"single","block":{"attributes":{"create":{"type":"string","description_kind":"plain","optional":true},"delete":{"type":"string","description_kind":"plain","optional":true},"update":{"type":"string","description_kind":"plain","optional":true}},"description_kind":"plain"}}},"description_kind":"plain"}},"oci_datascience_project":{"version":0,"block":{"attributes":{"compartment_id":{"type":"string","description_kind":"plain","required":true},"created_by":{"type":"string","description_kind":"plain","computed":true},"defined_tags":{"type":["map","string"],"description_kind":"plain","optional":true,"computed":true},"description":{"type":"string","description_kind":"plain","optional":true,"computed":true},"display_name":{"type":"string","description_kind":"plain","optional":true,"computed":true},"freeform_tags":{"type":["map","string"],"description_kind":"plain","optional":true,"computed":true},"id":{"type":"string","description_kind":"plain","optional":true,"computed":true},"state":{"type":"string","description_kind":"plain","computed":true},"time_created":{"type":"string","description_kind":"plain","computed":true}},"block_types":{"timeouts":{"nesting_mode":"single","block":{"attributes":{"create":{"type":"string","description_kind":"plain","optional":true},"delete":{"type":"string","description_kind":"plain","optional":true},"update":{"type":"string","description_kind":"plain","optional":true}},"description_kind":"plain"}}},"description_kind":"plain"}},"oci_dns_record":{"version":0,"block":{"attributes":{"compartment_id":{"type":"string","description_kind":"plain","optional":true},"domain":{"type":"string","description_kind":"plain","required":true},"id":{"type":"string","description_kind":"plain","optional":true,"computed":true},"is_protected":{"type":"bool","description_kind":"plain","computed":true},"rdata":{"type":"string","description_kind":"plain","optional":true},"record_hash":{"type":"string","description_kind":"plain","computed":true},"rrset_version":{"type":"string","description_kind":"plain","computed":true},"rtype":{"type":"string","description_kind":"plain","required":true},"ttl":{"type":"number","description_kind":"plain","optional":true},"zone_name_or_id":{"type":"string","description_kind":"plain","required":true}},"block_types":{"timeouts":{"nesting_mode":"single","block":{"attributes":{"create":{"type":"string","description_kind":"plain","optional":true},"delete":{"type":"string","description_kind":"plain","optional":true},"update":{"type":"string","description_kind":"plain","optional":true}},"description_kind":"plain"}}},"description_kind":"plain"}},"oci_dns_rrset":{"version":0,"block":{"attributes":{"compartment_id":{"type":"string","description_kind":"plain","optional":true,"computed":true},"domain":{"type":"string","description_kind":"plain","required":true},"id":{"type":"string","description_kind":"plain","optional":true,"computed":true},"rtype":{"type":"string","description_kind":"plain","required":true},"zone_name_or_id":{"type":"string","description_kind":"plain","required":true}},"block_types":{"items":{"nesting_mode":"set","block":{"attributes":{"domain":{"type":"string","description_kind":"plain","required":true},"is_protected":{"type":"bool","description_kind":"plain","computed":true},"rdata":{"type":"string","description_kind":"plain","required":true},"record_hash":{"type":"string","description_kind":"plain","computed":true},"rrset_version":{"type":"string","description_kind":"plain","computed":true},"rtype":{"type":"string","description_kind":"plain","required":true},"ttl":{"type":"number","description_kind":"plain","required":true}},"description_kind":"plain"}},"timeouts":{"nesting_mode":"single","block":{"attributes":{"create":{"type":"string","description_kind":"plain","optional":true},"delete":{"type":"string","description_kind":"plain","optional":true},"update":{"type":"string","description_kind":"plain","optional":true}},"description_kind":"plain"}}},"description_kind":"plain"}},"oci_dns_steering_policy":{"version":0,"block":{"attributes":{"compartment_id":{"type":"string","description_kind":"plain","required":true},"defined_tags":{"type":["map","string"],"description_kind":"plain","optional":true,"computed":true},"display_name":{"type":"string","description_kind":"plain","required":true},"freeform_tags":{"type":["map","string"],"description_kind":"plain","optional":true,"computed":true},"health_check_monitor_id":{"type":"string","description_kind":"plain","optional":true,"computed":true},"id":{"type":"string","description_kind":"plain","optional":true,"computed":true},"self":{"type":"string","description_kind":"plain","computed":true},"state":{"type":"string","description_kind":"plain","computed":true},"template":{"type":"string","description_kind":"plain","required":true},"time_created":{"type":"string","description_kind":"plain","computed":true},"ttl":{"type":"number","description_kind":"plain","optional":true,"computed":true}},"block_types":{"answers":{"nesting_mode":"list","block":{"attributes":{"is_disabled":{"type":"bool","description_kind":"plain","optional":true,"computed":true},"name":{"type":"string","description_kind":"plain","required":true},"pool":{"type":"string","description_kind":"plain","optional":true,"computed":true},"rdata":{"type":"string","description_kind":"plain","required":true},"rtype":{"type":"string","description_kind":"plain","required":true}},"description_kind":"plain"}},"rules":{"nesting_mode":"list","block":{"attributes":{"default_count":{"type":"number","description_kind":"plain","optional":true,"computed":true},"description":{"type":"string","description_kind":"plain","optional":true,"computed":true},"rule_type":{"type":"string","description_kind":"plain","required":true}},"block_types":{"cases":{"nesting_mode":"list","block":{"attributes":{"case_condition":{"type":"string","description_kind":"plain","optional":true,"computed":true},"count":{"type":"number","description_kind":"plain","optional":true,"computed":true}},"block_types":{"answer_data":{"nesting_mode":"list","block":{"attributes":{"answer_condition":{"type":"string","description_kind":"plain","optional":true,"computed":true},"should_keep":{"type":"bool","description_kind":"plain","optional":true,"computed":true},"value":{"type":"number","description_kind":"plain","optional":true,"computed":true}},"description_kind":"plain"}}},"description_kind":"plain"}},"default_answer_data":{"nesting_mode":"list","block":{"attributes":{"answer_condition":{"type":"string","description_kind":"plain","optional":true,"computed":true},"should_keep":{"type":"bool","description_kind":"plain","optional":true,"computed":true},"value":{"type":"number","description_kind":"plain","optional":true,"computed":true}},"description_kind":"plain"}}},"description_kind":"plain"}},"timeouts":{"nesting_mode":"single","block":{"attributes":{"create":{"type":"string","description_kind":"plain","optional":true},"delete":{"type":"string","description_kind":"plain","optional":true},"update":{"type":"string","description_kind":"plain","optional":true}},"description_kind":"plain"}}},"description_kind":"plain"}},"oci_dns_steering_policy_attachment":{"version":0,"block":{"attributes":{"compartment_id":{"type":"string","description_kind":"plain","computed":true},"display_name":{"type":"string","description_kind":"plain","optional":true,"computed":true},"domain_name":{"type":"string","description_kind":"plain","required":true},"id":{"type":"string","description_kind":"plain","optional":true,"computed":true},"rtypes":{"type":["list","string"],"description_kind":"plain","computed":true},"self":{"type":"string","description_kind":"plain","computed":true},"state":{"type":"string","description_kind":"plain","computed":true},"steering_policy_id":{"type":"string","description_kind":"plain","required":true},"time_created":{"type":"string","description_kind":"plain","computed":true},"zone_id":{"type":"string","description_kind":"plain","required":true}},"block_types":{"timeouts":{"nesting_mode":"single","block":{"attributes":{"create":{"type":"string","description_kind":"plain","optional":true},"delete":{"type":"string","description_kind":"plain","optional":true},"update":{"type":"string","description_kind":"plain","optional":true}},"description_kind":"plain"}}},"description_kind":"plain"}},"oci_dns_tsig_key":{"version":0,"block":{"attributes":{"algorithm":{"type":"string","description_kind":"plain","required":true},"compartment_id":{"type":"string","description_kind":"plain","required":true},"defined_tags":{"type":["map","string"],"description_kind":"plain","optional":true,"computed":true},"freeform_tags":{"type":["map","string"],"description_kind":"plain","optional":true,"computed":true},"id":{"type":"string","description_kind":"plain","optional":true,"computed":true},"name":{"type":"string","description_kind":"plain","required":true},"secret":{"type":"string","description_kind":"plain","required":true,"sensitive":true},"self":{"type":"string","description_kind":"plain","computed":true},"state":{"type":"string","description_kind":"plain","computed":true},"time_created":{"type":"string","description_kind":"plain","computed":true},"time_updated":{"type":"string","description_kind":"plain","computed":true}},"block_types":{"timeouts":{"nesting_mode":"single","block":{"attributes":{"create":{"type":"string","description_kind":"plain","optional":true},"delete":{"type":"string","description_kind":"plain","optional":true},"update":{"type":"string","description_kind":"plain","optional":true}},"description_kind":"plain"}}},"description_kind":"plain"}},"oci_dns_zone":{"version":0,"block":{"attributes":{"compartment_id":{"type":"string","description_kind":"plain","required":true},"defined_tags":{"type":["map","string"],"description_kind":"plain","optional":true,"computed":true},"freeform_tags":{"type":["map","string"],"description_kind":"plain","optional":true,"computed":true},"id":{"type":"string","description_kind":"plain","optional":true,"computed":true},"name":{"type":"string","description_kind":"plain","required":true},"nameservers":{"type":["list",["object",{"hostname":"string"}]],"description_kind":"plain","computed":true},"self":{"type":"string","description_kind":"plain","computed":true},"serial":{"type":"number","description_kind":"plain","computed":true},"state":{"type":"string","description_kind":"plain","computed":true},"time_created":{"type":"string","description_kind":"plain","computed":true},"version":{"type":"string","description_kind":"plain","computed":true},"zone_type":{"type":"string","description_kind":"plain","required":true}},"block_types":{"external_masters":{"nesting_mode":"list","block":{"attributes":{"address":{"type":"string","description_kind":"plain","required":true},"port":{"type":"number","description_kind":"plain","optional":true,"computed":true},"tsig_key_id":{"type":"string","description_kind":"plain","optional":true,"computed":true}},"block_types":{"tsig":{"nesting_mode":"list","block":{"attributes":{"algorithm":{"type":"string","description_kind":"plain","required":true},"name":{"type":"string","description_kind":"plain","required":true},"secret":{"type":"string","description_kind":"plain","required":true,"sensitive":true}},"description_kind":"plain"},"max_items":1}},"description_kind":"plain"}},"timeouts":{"nesting_mode":"single","block":{"attributes":{"create":{"type":"string","description_kind":"plain","optional":true},"delete":{"type":"string","description_kind":"plain","optional":true},"update":{"type":"string","description_kind":"plain","optional":true}},"description_kind":"plain"}}},"description_kind":"plain"}},"oci_email_sender":{"version":0,"block":{"attributes":{"compartment_id":{"type":"string","description_kind":"plain","required":true},"defined_tags":{"type":["map","string"],"description_kind":"plain","optional":true,"computed":true},"email_address":{"type":"string","description_kind":"plain","required":true},"freeform_tags":{"type":["map","string"],"description_kind":"plain","optional":true,"computed":true},"id":{"type":"string","description_kind":"plain","optional":true,"computed":true},"is_spf":{"type":"bool","description_kind":"plain","computed":true},"state":{"type":"string","description_kind":"plain","computed":true},"time_created":{"type":"string","description_kind":"plain","computed":true}},"block_types":{"timeouts":{"nesting_mode":"single","block":{"attributes":{"create":{"type":"string","description_kind":"plain","optional":true},"delete":{"type":"string","description_kind":"plain","optional":true},"update":{"type":"string","description_kind":"plain","optional":true}},"description_kind":"plain"}}},"description_kind":"plain"}},"oci_email_suppression":{"version":0,"block":{"attributes":{"compartment_id":{"type":"string","description_kind":"plain","required":true},"email_address":{"type":"string","description_kind":"plain","required":true},"id":{"type":"string","description_kind":"plain","optional":true,"computed":true},"reason":{"type":"string","description_kind":"plain","computed":true},"time_created":{"type":"string","description_kind":"plain","computed":true}},"block_types":{"timeouts":{"nesting_mode":"single","block":{"attributes":{"create":{"type":"string","description_kind":"plain","optional":true},"delete":{"type":"string","description_kind":"plain","optional":true},"update":{"type":"string","description_kind":"plain","optional":true}},"description_kind":"plain"}}},"description_kind":"plain"}},"oci_events_rule":{"version":0,"block":{"attributes":{"compartment_id":{"type":"string","description_kind":"plain","required":true},"condition":{"type":"string","description_kind":"plain","required":true},"defined_tags":{"type":["map","string"],"description_kind":"plain","optional":true,"computed":true},"description":{"type":"string","description_kind":"plain","optional":true,"computed":true},"display_name":{"type":"string","description_kind":"plain","required":true},"freeform_tags":{"type":["map","string"],"description_kind":"plain","optional":true,"computed":true},"id":{"type":"string","description_kind":"plain","optional":true,"computed":true},"is_enabled":{"type":"bool","description_kind":"plain","required":true},"lifecycle_message":{"type":"string","description_kind":"plain","computed":true},"state":{"type":"string","description_kind":"plain","computed":true},"time_created":{"type":"string","description_kind":"plain","computed":true}},"block_types":{"actions":{"nesting_mode":"list","block":{"block_types":{"actions":{"nesting_mode":"set","block":{"attributes":{"action_type":{"type":"string","description_kind":"plain","required":true},"description":{"type":"string","description_kind":"plain","optional":true,"computed":true},"function_id":{"type":"string","description_kind":"plain","optional":true,"computed":true},"id":{"type":"string","description_kind":"plain","computed":true},"is_enabled":{"type":"bool","description_kind":"plain","required":true},"lifecycle_message":{"type":"string","description_kind":"plain","computed":true},"state":{"type":"string","description_kind":"plain","computed":true},"stream_id":{"type":"string","description_kind":"plain","optional":true,"computed":true},"topic_id":{"type":"string","description_kind":"plain","optional":true,"computed":true}},"description_kind":"plain"},"min_items":1}},"description_kind":"plain"},"min_items":1,"max_items":1},"timeouts":{"nesting_mode":"single","block":{"attributes":{"create":{"type":"string","description_kind":"plain","optional":true},"delete":{"type":"string","description_kind":"plain","optional":true},"update":{"type":"string","description_kind":"plain","optional":true}},"description_kind":"plain"}}},"description_kind":"plain"}},"oci_file_storage_export":{"version":0,"block":{"attributes":{"export_set_id":{"type":"string","description_kind":"plain","required":true},"file_system_id":{"type":"string","description_kind":"plain","required":true},"id":{"type":"string","description_kind":"plain","optional":true,"computed":true},"path":{"type":"string","description_kind":"plain","required":true},"state":{"type":"string","description_kind":"plain","computed":true},"time_created":{"type":"string","description_kind":"plain","computed":true}},"block_types":{"export_options":{"nesting_mode":"list","block":{"attributes":{"access":{"type":"string","description_kind":"plain","optional":true,"computed":true},"anonymous_gid":{"type":"string","description_kind":"plain","optional":true,"computed":true},"anonymous_uid":{"type":"string","description_kind":"plain","optional":true,"computed":true},"identity_squash":{"type":"string","description_kind":"plain","optional":true,"computed":true},"require_privileged_source_port":{"type":"bool","description_kind":"plain","optional":true,"computed":true},"source":{"type":"string","description_kind":"plain","required":true}},"description_kind":"plain"}},"timeouts":{"nesting_mode":"single","block":{"attributes":{"create":{"type":"string","description_kind":"plain","optional":true},"delete":{"type":"string","description_kind":"plain","optional":true},"update":{"type":"string","description_kind":"plain","optional":true}},"description_kind":"plain"}}},"description_kind":"plain"}},"oci_file_storage_export_set":{"version":0,"block":{"attributes":{"availability_domain":{"type":"string","description_kind":"plain","computed":true},"compartment_id":{"type":"string","description_kind":"plain","computed":true},"display_name":{"type":"string","description_kind":"plain","optional":true,"computed":true},"id":{"type":"string","description_kind":"plain","optional":true,"computed":true},"max_fs_stat_bytes":{"type":"string","description_kind":"plain","optional":true,"computed":true},"max_fs_stat_files":{"type":"string","description_kind":"plain","optional":true,"computed":true},"mount_target_id":{"type":"string","description_kind":"plain","required":true},"state":{"type":"string","description_kind":"plain","computed":true},"time_created":{"type":"string","description_kind":"plain","computed":true},"vcn_id":{"type":"string","description_kind":"plain","computed":true}},"block_types":{"timeouts":{"nesting_mode":"single","block":{"attributes":{"create":{"type":"string","description_kind":"plain","optional":true},"delete":{"type":"string","description_kind":"plain","optional":true},"update":{"type":"string","description_kind":"plain","optional":true}},"description_kind":"plain"}}},"description_kind":"plain"}},"oci_file_storage_file_system":{"version":0,"block":{"attributes":{"availability_domain":{"type":"string","description_kind":"plain","required":true},"compartment_id":{"type":"string","description_kind":"plain","required":true},"defined_tags":{"type":["map","string"],"description_kind":"plain","optional":true,"computed":true},"display_name":{"type":"string","description_kind":"plain","optional":true,"computed":true},"freeform_tags":{"type":["map","string"],"description_kind":"plain","optional":true,"computed":true},"id":{"type":"string","description_kind":"plain","optional":true,"computed":true},"kms_key_id":{"type":"string","description_kind":"plain","optional":true},"metered_bytes":{"type":"string","description_kind":"plain","computed":true},"state":{"type":"string","description_kind":"plain","computed":true},"time_created":{"type":"string","description_kind":"plain","computed":true}},"block_types":{"timeouts":{"nesting_mode":"single","block":{"attributes":{"create":{"type":"string","description_kind":"plain","optional":true},"delete":{"type":"string","description_kind":"plain","optional":true},"update":{"type":"string","description_kind":"plain","optional":true}},"description_kind":"plain"}}},"description_kind":"plain"}},"oci_file_storage_mount_target":{"version":0,"block":{"attributes":{"availability_domain":{"type":"string","description_kind":"plain","required":true},"compartment_id":{"type":"string","description_kind":"plain","required":true},"defined_tags":{"type":["map","string"],"description_kind":"plain","optional":true,"computed":true},"display_name":{"type":"string","description_kind":"plain","optional":true,"computed":true},"export_set_id":{"type":"string","description_kind":"plain","computed":true},"freeform_tags":{"type":["map","string"],"description_kind":"plain","optional":true,"computed":true},"hostname_label":{"type":"string","description_kind":"plain","optional":true,"computed":true},"id":{"type":"string","description_kind":"plain","optional":true,"computed":true},"ip_address":{"type":"string","description_kind":"plain","optional":true,"computed":true},"lifecycle_details":{"type":"string","description_kind":"plain","computed":true},"nsg_ids":{"type":["set","string"],"description_kind":"plain","optional":true,"computed":true},"private_ip_ids":{"type":["list","string"],"description_kind":"plain","computed":true},"state":{"type":"string","description_kind":"plain","computed":true},"subnet_id":{"type":"string","description_kind":"plain","required":true},"time_created":{"type":"string","description_kind":"plain","computed":true}},"block_types":{"timeouts":{"nesting_mode":"single","block":{"attributes":{"create":{"type":"string","description_kind":"plain","optional":true},"delete":{"type":"string","description_kind":"plain","optional":true},"update":{"type":"string","description_kind":"plain","optional":true}},"description_kind":"plain"}}},"description_kind":"plain"}},"oci_file_storage_snapshot":{"version":0,"block":{"attributes":{"defined_tags":{"type":["map","string"],"description_kind":"plain","optional":true,"computed":true},"file_system_id":{"type":"string","description_kind":"plain","required":true},"freeform_tags":{"type":["map","string"],"description_kind":"plain","optional":true,"computed":true},"id":{"type":"string","description_kind":"plain","optional":true,"computed":true},"name":{"type":"string","description_kind":"plain","required":true},"state":{"type":"string","description_kind":"plain","computed":true},"time_created":{"type":"string","description_kind":"plain","computed":true}},"block_types":{"timeouts":{"nesting_mode":"single","block":{"attributes":{"create":{"type":"string","description_kind":"plain","optional":true},"delete":{"type":"string","description_kind":"plain","optional":true},"update":{"type":"string","description_kind":"plain","optional":true}},"description_kind":"plain"}}},"description_kind":"plain"}},"oci_functions_application":{"version":0,"block":{"attributes":{"compartment_id":{"type":"string","description_kind":"plain","required":true},"config":{"type":["map","string"],"description_kind":"plain","optional":true,"computed":true},"defined_tags":{"type":["map","string"],"description_kind":"plain","optional":true,"computed":true},"display_name":{"type":"string","description_kind":"plain","required":true},"freeform_tags":{"type":["map","string"],"description_kind":"plain","optional":true,"computed":true},"id":{"type":"string","description_kind":"plain","optional":true,"computed":true},"state":{"type":"string","description_kind":"plain","computed":true},"subnet_ids":{"type":["list","string"],"description_kind":"plain","required":true},"time_created":{"type":"string","description_kind":"plain","computed":true},"time_updated":{"type":"string","description_kind":"plain","computed":true}},"block_types":{"timeouts":{"nesting_mode":"single","block":{"attributes":{"create":{"type":"string","description_kind":"plain","optional":true},"delete":{"type":"string","description_kind":"plain","optional":true},"update":{"type":"string","description_kind":"plain","optional":true}},"description_kind":"plain"}}},"description_kind":"plain"}},"oci_functions_function":{"version":0,"block":{"attributes":{"application_id":{"type":"string","description_kind":"plain","required":true},"compartment_id":{"type":"string","description_kind":"plain","computed":true},"config":{"type":["map","string"],"description_kind":"plain","optional":true,"computed":true},"defined_tags":{"type":["map","string"],"description_kind":"plain","optional":true,"computed":true},"display_name":{"type":"string","description_kind":"plain","required":true},"freeform_tags":{"type":["map","string"],"description_kind":"plain","optional":true,"computed":true},"id":{"type":"string","description_kind":"plain","optional":true,"computed":true},"image":{"type":"string","description_kind":"plain","required":true},"image_digest":{"type":"string","description_kind":"plain","optional":true,"computed":true},"invoke_endpoint":{"type":"string","description_kind":"plain","computed":true},"memory_in_mbs":{"type":"string","description_kind":"plain","required":true},"state":{"type":"string","description_kind":"plain","computed":true},"time_created":{"type":"string","description_kind":"plain","computed":true},"time_updated":{"type":"string","description_kind":"plain","computed":true},"timeout_in_seconds":{"type":"number","description_kind":"plain","optional":true,"computed":true}},"block_types":{"timeouts":{"nesting_mode":"single","block":{"attributes":{"create":{"type":"string","description_kind":"plain","optional":true},"delete":{"type":"string","description_kind":"plain","optional":true},"update":{"type":"string","description_kind":"plain","optional":true}},"description_kind":"plain"}}},"description_kind":"plain"}},"oci_functions_invoke_function":{"version":0,"block":{"attributes":{"base64_encode_content":{"type":"bool","description_kind":"plain","optional":true},"content":{"type":"string","description_kind":"plain","computed":true},"fn_intent":{"type":"string","description_kind":"plain","optional":true,"computed":true},"fn_invoke_type":{"type":"string","description_kind":"plain","optional":true,"computed":true},"function_id":{"type":"string","description_kind":"plain","required":true},"id":{"type":"string","description_kind":"plain","optional":true,"computed":true},"input_body_source_path":{"type":"string","description_kind":"plain","optional":true},"invoke_endpoint":{"type":"string","description_kind":"plain","computed":true},"invoke_function_body":{"type":"string","description_kind":"plain","optional":true,"computed":true},"invoke_function_body_base64_encoded":{"type":"string","description_kind":"plain","optional":true,"computed":true}},"block_types":{"timeouts":{"nesting_mode":"single","block":{"attributes":{"create":{"type":"string","description_kind":"plain","optional":true},"delete":{"type":"string","description_kind":"plain","optional":true},"update":{"type":"string","description_kind":"plain","optional":true}},"description_kind":"plain"}}},"description_kind":"plain"}},"oci_health_checks_http_monitor":{"version":0,"block":{"attributes":{"compartment_id":{"type":"string","description_kind":"plain","required":true},"defined_tags":{"type":["map","string"],"description_kind":"plain","optional":true,"computed":true},"display_name":{"type":"string","description_kind":"plain","required":true},"freeform_tags":{"type":["map","string"],"description_kind":"plain","optional":true,"computed":true},"headers":{"type":["map","string"],"description_kind":"plain","optional":true,"computed":true},"home_region":{"type":"string","description_kind":"plain","computed":true},"id":{"type":"string","description_kind":"plain","optional":true,"computed":true},"interval_in_seconds":{"type":"number","description_kind":"plain","required":true},"is_enabled":{"type":"bool","description_kind":"plain","optional":true,"computed":true},"method":{"type":"string","description_kind":"plain","optional":true,"computed":true},"path":{"type":"string","description_kind":"plain","optional":true,"computed":true},"port":{"type":"number","description_kind":"plain","optional":true,"computed":true},"protocol":{"type":"string","description_kind":"plain","required":true},"results_url":{"type":"string","description_kind":"plain","computed":true},"targets":{"type":["list","string"],"description_kind":"plain","required":true},"time_created":{"type":"string","description_kind":"plain","computed":true},"timeout_in_seconds":{"type":"number","description_kind":"plain","optional":true,"computed":true},"vantage_point_names":{"type":["list","string"],"description_kind":"plain","optional":true,"computed":true}},"block_types":{"timeouts":{"nesting_mode":"single","block":{"attributes":{"create":{"type":"string","description_kind":"plain","optional":true},"delete":{"type":"string","description_kind":"plain","optional":true},"update":{"type":"string","description_kind":"plain","optional":true}},"description_kind":"plain"}}},"description_kind":"plain"}},"oci_health_checks_http_probe":{"version":0,"block":{"attributes":{"compartment_id":{"type":"string","description_kind":"plain","required":true},"headers":{"type":["map","string"],"description_kind":"plain","optional":true,"computed":true},"home_region":{"type":"string","description_kind":"plain","computed":true},"id":{"type":"string","description_kind":"plain","optional":true,"computed":true},"method":{"type":"string","description_kind":"plain","optional":true,"computed":true},"path":{"type":"string","description_kind":"plain","optional":true,"computed":true},"port":{"type":"number","description_kind":"plain","optional":true,"computed":true},"protocol":{"type":"string","description_kind":"plain","required":true},"results_url":{"type":"string","description_kind":"plain","computed":true},"targets":{"type":["list","string"],"description_kind":"plain","required":true},"time_created":{"type":"string","description_kind":"plain","computed":true},"timeout_in_seconds":{"type":"number","description_kind":"plain","optional":true,"computed":true},"vantage_point_names":{"type":["list","string"],"description_kind":"plain","optional":true,"computed":true}},"block_types":{"timeouts":{"nesting_mode":"single","block":{"attributes":{"create":{"type":"string","description_kind":"plain","optional":true},"delete":{"type":"string","description_kind":"plain","optional":true},"update":{"type":"string","description_kind":"plain","optional":true}},"description_kind":"plain"}}},"description_kind":"plain"}},"oci_health_checks_ping_monitor":{"version":0,"block":{"attributes":{"compartment_id":{"type":"string","description_kind":"plain","required":true},"defined_tags":{"type":["map","string"],"description_kind":"plain","optional":true,"computed":true},"display_name":{"type":"string","description_kind":"plain","required":true},"freeform_tags":{"type":["map","string"],"description_kind":"plain","optional":true,"computed":true},"home_region":{"type":"string","description_kind":"plain","computed":true},"id":{"type":"string","description_kind":"plain","optional":true,"computed":true},"interval_in_seconds":{"type":"number","description_kind":"plain","required":true},"is_enabled":{"type":"bool","description_kind":"plain","optional":true,"computed":true},"port":{"type":"number","description_kind":"plain","optional":true,"computed":true},"protocol":{"type":"string","description_kind":"plain","required":true},"results_url":{"type":"string","description_kind":"plain","computed":true},"targets":{"type":["list","string"],"description_kind":"plain","required":true},"time_created":{"type":"string","description_kind":"plain","computed":true},"timeout_in_seconds":{"type":"number","description_kind":"plain","optional":true,"computed":true},"vantage_point_names":{"type":["list","string"],"description_kind":"plain","optional":true,"computed":true}},"block_types":{"timeouts":{"nesting_mode":"single","block":{"attributes":{"create":{"type":"string","description_kind":"plain","optional":true},"delete":{"type":"string","description_kind":"plain","optional":true},"update":{"type":"string","description_kind":"plain","optional":true}},"description_kind":"plain"}}},"description_kind":"plain"}},"oci_health_checks_ping_probe":{"version":0,"block":{"attributes":{"compartment_id":{"type":"string","description_kind":"plain","required":true},"home_region":{"type":"string","description_kind":"plain","computed":true},"id":{"type":"string","description_kind":"plain","optional":true,"computed":true},"port":{"type":"number","description_kind":"plain","optional":true,"computed":true},"protocol":{"type":"string","description_kind":"plain","required":true},"results_url":{"type":"string","description_kind":"plain","computed":true},"targets":{"type":["list","string"],"description_kind":"plain","required":true},"time_created":{"type":"string","description_kind":"plain","computed":true},"timeout_in_seconds":{"type":"number","description_kind":"plain","optional":true,"computed":true},"vantage_point_names":{"type":["list","string"],"description_kind":"plain","optional":true,"computed":true}},"block_types":{"timeouts":{"nesting_mode":"single","block":{"attributes":{"create":{"type":"string","description_kind":"plain","optional":true},"delete":{"type":"string","description_kind":"plain","optional":true},"update":{"type":"string","description_kind":"plain","optional":true}},"description_kind":"plain"}}},"description_kind":"plain"}},"oci_identity_api_key":{"version":0,"block":{"attributes":{"fingerprint":{"type":"string","description_kind":"plain","computed":true},"id":{"type":"string","description_kind":"plain","optional":true,"computed":true},"inactive_status":{"type":"string","description_kind":"plain","computed":true},"key_value":{"type":"string","description_kind":"plain","required":true},"state":{"type":"string","description_kind":"plain","computed":true},"time_created":{"type":"string","description_kind":"plain","computed":true},"user_id":{"type":"string","description_kind":"plain","required":true}},"block_types":{"timeouts":{"nesting_mode":"single","block":{"attributes":{"create":{"type":"string","description_kind":"plain","optional":true},"delete":{"type":"string","description_kind":"plain","optional":true},"update":{"type":"string","description_kind":"plain","optional":true}},"description_kind":"plain"}}},"description_kind":"plain"}},"oci_identity_auth_token":{"version":0,"block":{"attributes":{"description":{"type":"string","description_kind":"plain","required":true},"id":{"type":"string","description_kind":"plain","optional":true,"computed":true},"inactive_state":{"type":"string","description_kind":"plain","computed":true},"state":{"type":"string","description_kind":"plain","computed":true},"time_created":{"type":"string","description_kind":"plain","computed":true},"time_expires":{"type":"string","description_kind":"plain","computed":true},"token":{"type":"string","description_kind":"plain","computed":true},"user_id":{"type":"string","description_kind":"plain","required":true}},"block_types":{"timeouts":{"nesting_mode":"single","block":{"attributes":{"create":{"type":"string","description_kind":"plain","optional":true},"delete":{"type":"string","description_kind":"plain","optional":true},"update":{"type":"string","description_kind":"plain","optional":true}},"description_kind":"plain"}}},"description_kind":"plain"}},"oci_identity_authentication_policy":{"version":0,"block":{"attributes":{"compartment_id":{"type":"string","description_kind":"plain","required":true},"id":{"type":"string","description_kind":"plain","optional":true,"computed":true}},"block_types":{"network_policy":{"nesting_mode":"list","block":{"attributes":{"network_source_ids":{"type":["list","string"],"description_kind":"plain","optional":true,"computed":true}},"description_kind":"plain"},"max_items":1},"password_policy":{"nesting_mode":"list","block":{"attributes":{"is_lowercase_characters_required":{"type":"bool","description_kind":"plain","optional":true,"computed":true},"is_numeric_characters_required":{"type":"bool","description_kind":"plain","optional":true,"computed":true},"is_special_characters_required":{"type":"bool","description_kind":"plain","optional":true,"computed":true},"is_uppercase_characters_required":{"type":"bool","description_kind":"plain","optional":true,"computed":true},"is_username_containment_allowed":{"type":"bool","description_kind":"plain","optional":true,"computed":true},"minimum_password_length":{"type":"number","description_kind":"plain","optional":true,"computed":true}},"description_kind":"plain"},"max_items":1},"timeouts":{"nesting_mode":"single","block":{"attributes":{"create":{"type":"string","description_kind":"plain","optional":true},"delete":{"type":"string","description_kind":"plain","optional":true},"update":{"type":"string","description_kind":"plain","optional":true}},"description_kind":"plain"}}},"description_kind":"plain"}},"oci_identity_compartment":{"version":0,"block":{"attributes":{"compartment_id":{"type":"string","description_kind":"plain","optional":true,"computed":true},"defined_tags":{"type":["map","string"],"description_kind":"plain","optional":true,"computed":true},"description":{"type":"string","description_kind":"plain","required":true},"enable_delete":{"type":"bool","description_kind":"plain","optional":true},"freeform_tags":{"type":["map","string"],"description_kind":"plain","optional":true,"computed":true},"id":{"type":"string","description_kind":"plain","optional":true,"computed":true},"inactive_state":{"type":"string","description_kind":"plain","computed":true},"is_accessible":{"type":"bool","description_kind":"plain","computed":true},"name":{"type":"string","description_kind":"plain","required":true},"state":{"type":"string","description_kind":"plain","computed":true},"time_created":{"type":"string","description_kind":"plain","computed":true}},"block_types":{"timeouts":{"nesting_mode":"single","block":{"attributes":{"delete":{"type":"string","description_kind":"plain","optional":true}},"description_kind":"plain"}}},"description_kind":"plain"}},"oci_identity_customer_secret_key":{"version":0,"block":{"attributes":{"display_name":{"type":"string","description_kind":"plain","required":true},"id":{"type":"string","description_kind":"plain","optional":true,"computed":true},"inactive_state":{"type":"string","description_kind":"plain","computed":true},"key":{"type":"string","description_kind":"plain","computed":true},"state":{"type":"string","description_kind":"plain","computed":true},"time_created":{"type":"string","description_kind":"plain","computed":true},"time_expires":{"type":"string","description_kind":"plain","computed":true},"user_id":{"type":"string","description_kind":"plain","required":true}},"block_types":{"timeouts":{"nesting_mode":"single","block":{"attributes":{"create":{"type":"string","description_kind":"plain","optional":true},"delete":{"type":"string","description_kind":"plain","optional":true},"update":{"type":"string","description_kind":"plain","optional":true}},"description_kind":"plain"}}},"description_kind":"plain"}},"oci_identity_dynamic_group":{"version":0,"block":{"attributes":{"compartment_id":{"type":"string","description_kind":"plain","required":true},"defined_tags":{"type":["map","string"],"description_kind":"plain","optional":true,"computed":true},"description":{"type":"string","description_kind":"plain","required":true},"freeform_tags":{"type":["map","string"],"description_kind":"plain","optional":true,"computed":true},"id":{"type":"string","description_kind":"plain","optional":true,"computed":true},"inactive_state":{"type":"string","description_kind":"plain","computed":true},"matching_rule":{"type":"string","description_kind":"plain","required":true},"name":{"type":"string","description_kind":"plain","required":true},"state":{"type":"string","description_kind":"plain","computed":true},"time_created":{"type":"string","description_kind":"plain","computed":true}},"block_types":{"timeouts":{"nesting_mode":"single","block":{"attributes":{"create":{"type":"string","description_kind":"plain","optional":true},"delete":{"type":"string","description_kind":"plain","optional":true},"update":{"type":"string","description_kind":"plain","optional":true}},"description_kind":"plain"}}},"description_kind":"plain"}},"oci_identity_group":{"version":0,"block":{"attributes":{"compartment_id":{"type":"string","description_kind":"plain","optional":true,"computed":true},"defined_tags":{"type":["map","string"],"description_kind":"plain","optional":true,"computed":true},"description":{"type":"string","description_kind":"plain","required":true},"freeform_tags":{"type":["map","string"],"description_kind":"plain","optional":true,"computed":true},"id":{"type":"string","description_kind":"plain","optional":true,"computed":true},"inactive_state":{"type":"string","description_kind":"plain","computed":true},"name":{"type":"string","description_kind":"plain","required":true},"state":{"type":"string","description_kind":"plain","computed":true},"time_created":{"type":"string","description_kind":"plain","computed":true}},"block_types":{"timeouts":{"nesting_mode":"single","block":{"attributes":{"create":{"type":"string","description_kind":"plain","optional":true},"delete":{"type":"string","description_kind":"plain","optional":true},"update":{"type":"string","description_kind":"plain","optional":true}},"description_kind":"plain"}}},"description_kind":"plain"}},"oci_identity_identity_provider":{"version":0,"block":{"attributes":{"compartment_id":{"type":"string","description_kind":"plain","required":true},"defined_tags":{"type":["map","string"],"description_kind":"plain","optional":true,"computed":true},"description":{"type":"string","description_kind":"plain","required":true},"freeform_attributes":{"type":["map","string"],"description_kind":"plain","optional":true,"computed":true},"freeform_tags":{"type":["map","string"],"description_kind":"plain","optional":true,"computed":true},"id":{"type":"string","description_kind":"plain","optional":true,"computed":true},"inactive_state":{"type":"string","description_kind":"plain","computed":true},"metadata":{"type":"string","description_kind":"plain","required":true},"metadata_url":{"type":"string","description_kind":"plain","required":true},"name":{"type":"string","description_kind":"plain","required":true},"product_type":{"type":"string","description_kind":"plain","required":true},"protocol":{"type":"string","description_kind":"plain","required":true},"redirect_url":{"type":"string","description_kind":"plain","computed":true},"signing_certificate":{"type":"string","description_kind":"plain","computed":true},"state":{"type":"string","description_kind":"plain","computed":true},"time_created":{"type":"string","description_kind":"plain","computed":true}},"block_types":{"timeouts":{"nesting_mode":"single","block":{"attributes":{"create":{"type":"string","description_kind":"plain","optional":true},"delete":{"type":"string","description_kind":"plain","optional":true},"update":{"type":"string","description_kind":"plain","optional":true}},"description_kind":"plain"}}},"description_kind":"plain"}},"oci_identity_idp_group_mapping":{"version":0,"block":{"attributes":{"compartment_id":{"type":"string","description_kind":"plain","computed":true},"group_id":{"type":"string","description_kind":"plain","required":true},"id":{"type":"string","description_kind":"plain","optional":true,"computed":true},"identity_provider_id":{"type":"string","description_kind":"plain","required":true},"idp_group_name":{"type":"string","description_kind":"plain","required":true},"inactive_state":{"type":"string","description_kind":"plain","computed":true},"state":{"type":"string","description_kind":"plain","computed":true},"time_created":{"type":"string","description_kind":"plain","computed":true}},"block_types":{"timeouts":{"nesting_mode":"single","block":{"attributes":{"create":{"type":"string","description_kind":"plain","optional":true},"delete":{"type":"string","description_kind":"plain","optional":true},"update":{"type":"string","description_kind":"plain","optional":true}},"description_kind":"plain"}}},"description_kind":"plain"}},"oci_identity_network_source":{"version":0,"block":{"attributes":{"compartment_id":{"type":"string","description_kind":"plain","required":true},"defined_tags":{"type":["map","string"],"description_kind":"plain","optional":true,"computed":true},"description":{"type":"string","description_kind":"plain","required":true},"freeform_tags":{"type":["map","string"],"description_kind":"plain","optional":true,"computed":true},"id":{"type":"string","description_kind":"plain","optional":true,"computed":true},"inactive_state":{"type":"string","description_kind":"plain","computed":true},"name":{"type":"string","description_kind":"plain","required":true},"public_source_list":{"type":["list","string"],"description_kind":"plain","optional":true,"computed":true},"services":{"type":["list","string"],"description_kind":"plain","optional":true,"computed":true},"state":{"type":"string","description_kind":"plain","computed":true},"time_created":{"type":"string","description_kind":"plain","computed":true}},"block_types":{"timeouts":{"nesting_mode":"single","block":{"attributes":{"create":{"type":"string","description_kind":"plain","optional":true},"delete":{"type":"string","description_kind":"plain","optional":true},"update":{"type":"string","description_kind":"plain","optional":true}},"description_kind":"plain"}},"virtual_source_list":{"nesting_mode":"list","block":{"attributes":{"ip_ranges":{"type":["list","string"],"description_kind":"plain","required":true},"vcn_id":{"type":"string","description_kind":"plain","required":true}},"description_kind":"plain"},"max_items":100}},"description_kind":"plain"}},"oci_identity_policy":{"version":0,"block":{"attributes":{"ETag":{"type":"string","description_kind":"plain","computed":true},"compartment_id":{"type":"string","description_kind":"plain","required":true},"defined_tags":{"type":["map","string"],"description_kind":"plain","optional":true,"computed":true},"description":{"type":"string","description_kind":"plain","required":true},"freeform_tags":{"type":["map","string"],"description_kind":"plain","optional":true,"computed":true},"id":{"type":"string","description_kind":"plain","optional":true,"computed":true},"inactive_state":{"type":"string","description_kind":"plain","computed":true},"lastUpdateETag":{"type":"string","description_kind":"plain","computed":true},"name":{"type":"string","description_kind":"plain","required":true},"policyHash":{"type":"string","description_kind":"plain","computed":true},"state":{"type":"string","description_kind":"plain","computed":true},"statements":{"type":["list","string"],"description_kind":"plain","required":true},"time_created":{"type":"string","description_kind":"plain","computed":true},"version_date":{"type":"string","description_kind":"plain","optional":true,"computed":true}},"block_types":{"timeouts":{"nesting_mode":"single","block":{"attributes":{"create":{"type":"string","description_kind":"plain","optional":true},"delete":{"type":"string","description_kind":"plain","optional":true},"update":{"type":"string","description_kind":"plain","optional":true}},"description_kind":"plain"}}},"description_kind":"plain"}},"oci_identity_smtp_credential":{"version":0,"block":{"attributes":{"description":{"type":"string","description_kind":"plain","required":true},"id":{"type":"string","description_kind":"plain","optional":true,"computed":true},"inactive_state":{"type":"string","description_kind":"plain","computed":true},"password":{"type":"string","description_kind":"plain","computed":true},"state":{"type":"string","description_kind":"plain","computed":true},"time_created":{"type":"string","description_kind":"plain","computed":true},"time_expires":{"type":"string","description_kind":"plain","computed":true},"user_id":{"type":"string","description_kind":"plain","required":true},"username":{"type":"string","description_kind":"plain","computed":true}},"block_types":{"timeouts":{"nesting_mode":"single","block":{"attributes":{"create":{"type":"string","description_kind":"plain","optional":true},"delete":{"type":"string","description_kind":"plain","optional":true},"update":{"type":"string","description_kind":"plain","optional":true}},"description_kind":"plain"}}},"description_kind":"plain"}},"oci_identity_swift_password":{"version":0,"block":{"attributes":{"description":{"type":"string","description_kind":"plain","required":true},"expires_on":{"type":"string","description_kind":"plain","computed":true},"id":{"type":"string","description_kind":"plain","optional":true,"computed":true},"inactive_state":{"type":"string","description_kind":"plain","computed":true},"password":{"type":"string","description_kind":"plain","computed":true},"state":{"type":"string","description_kind":"plain","computed":true},"time_created":{"type":"string","description_kind":"plain","computed":true},"user_id":{"type":"string","description_kind":"plain","required":true}},"block_types":{"timeouts":{"nesting_mode":"single","block":{"attributes":{"create":{"type":"string","description_kind":"plain","optional":true},"delete":{"type":"string","description_kind":"plain","optional":true},"update":{"type":"string","description_kind":"plain","optional":true}},"description_kind":"plain"}}},"description_kind":"plain"}},"oci_identity_tag":{"version":0,"block":{"attributes":{"defined_tags":{"type":["map","string"],"description_kind":"plain","optional":true,"computed":true},"description":{"type":"string","description_kind":"plain","required":true},"freeform_tags":{"type":["map","string"],"description_kind":"plain","optional":true,"computed":true},"id":{"type":"string","description_kind":"plain","optional":true,"computed":true},"is_cost_tracking":{"type":"bool","description_kind":"plain","optional":true,"computed":true},"is_retired":{"type":"bool","description_kind":"plain","optional":true,"computed":true},"name":{"type":"string","description_kind":"plain","required":true},"state":{"type":"string","description_kind":"plain","computed":true},"tag_namespace_id":{"type":"string","description_kind":"plain","required":true},"time_created":{"type":"string","description_kind":"plain","computed":true}},"block_types":{"timeouts":{"nesting_mode":"single","block":{"attributes":{"create":{"type":"string","description_kind":"plain","optional":true},"delete":{"type":"string","description_kind":"plain","optional":true},"update":{"type":"string","description_kind":"plain","optional":true}},"description_kind":"plain"}},"validator":{"nesting_mode":"list","block":{"attributes":{"validator_type":{"type":"string","description_kind":"plain","required":true},"values":{"type":["list","string"],"description_kind":"plain","required":true}},"description_kind":"plain"},"max_items":1}},"description_kind":"plain"}},"oci_identity_tag_default":{"version":0,"block":{"attributes":{"compartment_id":{"type":"string","description_kind":"plain","required":true},"id":{"type":"string","description_kind":"plain","optional":true,"computed":true},"is_required":{"type":"bool","description_kind":"plain","optional":true,"computed":true},"state":{"type":"string","description_kind":"plain","computed":true},"tag_definition_id":{"type":"string","description_kind":"plain","required":true},"tag_definition_name":{"type":"string","description_kind":"plain","computed":true},"tag_namespace_id":{"type":"string","description_kind":"plain","computed":true},"time_created":{"type":"string","description_kind":"plain","computed":true},"value":{"type":"string","description_kind":"plain","required":true}},"block_types":{"timeouts":{"nesting_mode":"single","block":{"attributes":{"create":{"type":"string","description_kind":"plain","optional":true},"delete":{"type":"string","description_kind":"plain","optional":true},"update":{"type":"string","description_kind":"plain","optional":true}},"description_kind":"plain"}}},"description_kind":"plain"}},"oci_identity_tag_namespace":{"version":0,"block":{"attributes":{"compartment_id":{"type":"string","description_kind":"plain","required":true},"defined_tags":{"type":["map","string"],"description_kind":"plain","optional":true,"computed":true},"description":{"type":"string","description_kind":"plain","required":true},"freeform_tags":{"type":["map","string"],"description_kind":"plain","optional":true,"computed":true},"id":{"type":"string","description_kind":"plain","optional":true,"computed":true},"is_retired":{"type":"bool","description_kind":"plain","optional":true,"computed":true},"name":{"type":"string","description_kind":"plain","required":true},"state":{"type":"string","description_kind":"plain","computed":true},"time_created":{"type":"string","description_kind":"plain","computed":true}},"block_types":{"timeouts":{"nesting_mode":"single","block":{"attributes":{"create":{"type":"string","description_kind":"plain","optional":true},"delete":{"type":"string","description_kind":"plain","optional":true},"update":{"type":"string","description_kind":"plain","optional":true}},"description_kind":"plain"}}},"description_kind":"plain"}},"oci_identity_ui_password":{"version":0,"block":{"attributes":{"id":{"type":"string","description_kind":"plain","optional":true,"computed":true},"inactive_status":{"type":"string","description_kind":"plain","computed":true},"password":{"type":"string","description_kind":"plain","computed":true},"state":{"type":"string","description_kind":"plain","computed":true},"time_created":{"type":"string","description_kind":"plain","computed":true},"user_id":{"type":"string","description_kind":"plain","required":true}},"block_types":{"timeouts":{"nesting_mode":"single","block":{"attributes":{"create":{"type":"string","description_kind":"plain","optional":true},"delete":{"type":"string","description_kind":"plain","optional":true},"update":{"type":"string","description_kind":"plain","optional":true}},"description_kind":"plain"}}},"description_kind":"plain"}},"oci_identity_user":{"version":0,"block":{"attributes":{"capabilities":{"type":["list",["object",{"can_use_api_keys":"bool","can_use_auth_tokens":"bool","can_use_console_password":"bool","can_use_customer_secret_keys":"bool","can_use_oauth2client_credentials":"bool","can_use_smtp_credentials":"bool"}]],"description_kind":"plain","computed":true},"compartment_id":{"type":"string","description_kind":"plain","optional":true,"computed":true},"defined_tags":{"type":["map","string"],"description_kind":"plain","optional":true,"computed":true},"description":{"type":"string","description_kind":"plain","required":true},"email":{"type":"string","description_kind":"plain","optional":true,"computed":true},"external_identifier":{"type":"string","description_kind":"plain","computed":true},"freeform_tags":{"type":["map","string"],"description_kind":"plain","optional":true,"computed":true},"id":{"type":"string","description_kind":"plain","optional":true,"computed":true},"identity_provider_id":{"type":"string","description_kind":"plain","computed":true},"inactive_state":{"type":"string","description_kind":"plain","computed":true},"name":{"type":"string","description_kind":"plain","required":true},"state":{"type":"string","description_kind":"plain","computed":true},"time_created":{"type":"string","description_kind":"plain","computed":true}},"block_types":{"timeouts":{"nesting_mode":"single","block":{"attributes":{"create":{"type":"string","description_kind":"plain","optional":true},"delete":{"type":"string","description_kind":"plain","optional":true},"update":{"type":"string","description_kind":"plain","optional":true}},"description_kind":"plain"}}},"description_kind":"plain"}},"oci_identity_user_capabilities_management":{"version":0,"block":{"attributes":{"can_use_api_keys":{"type":"bool","description_kind":"plain","optional":true,"computed":true},"can_use_auth_tokens":{"type":"bool","description_kind":"plain","optional":true,"computed":true},"can_use_console_password":{"type":"bool","description_kind":"plain","optional":true,"computed":true},"can_use_customer_secret_keys":{"type":"bool","description_kind":"plain","optional":true,"computed":true},"can_use_smtp_credentials":{"type":"bool","description_kind":"plain","optional":true,"computed":true},"id":{"type":"string","description_kind":"plain","optional":true,"computed":true},"user_id":{"type":"string","description_kind":"plain","required":true}},"block_types":{"timeouts":{"nesting_mode":"single","block":{"attributes":{"create":{"type":"string","description_kind":"plain","optional":true},"delete":{"type":"string","description_kind":"plain","optional":true},"update":{"type":"string","description_kind":"plain","optional":true}},"description_kind":"plain"}}},"description_kind":"plain"}},"oci_identity_user_group_membership":{"version":0,"block":{"attributes":{"compartment_id":{"type":"string","description_kind":"plain","optional":true,"computed":true},"group_id":{"type":"string","description_kind":"plain","required":true},"id":{"type":"string","description_kind":"plain","optional":true,"computed":true},"inactive_state":{"type":"string","description_kind":"plain","computed":true},"state":{"type":"string","description_kind":"plain","computed":true},"time_created":{"type":"string","description_kind":"plain","computed":true},"user_id":{"type":"string","description_kind":"plain","required":true}},"block_types":{"timeouts":{"nesting_mode":"single","block":{"attributes":{"create":{"type":"string","description_kind":"plain","optional":true},"delete":{"type":"string","description_kind":"plain","optional":true},"update":{"type":"string","description_kind":"plain","optional":true}},"description_kind":"plain"}}},"description_kind":"plain"}},"oci_integration_integration_instance":{"version":0,"block":{"attributes":{"compartment_id":{"type":"string","description_kind":"plain","required":true},"consumption_model":{"type":"string","description_kind":"plain","optional":true,"computed":true},"defined_tags":{"type":["map","string"],"description_kind":"plain","optional":true,"computed":true},"display_name":{"type":"string","description_kind":"plain","required":true},"freeform_tags":{"type":["map","string"],"description_kind":"plain","optional":true,"computed":true},"id":{"type":"string","description_kind":"plain","optional":true,"computed":true},"idcs_at":{"type":"string","description_kind":"plain","optional":true,"sensitive":true},"instance_url":{"type":"string","description_kind":"plain","computed":true},"integration_instance_type":{"type":"string","description_kind":"plain","required":true},"is_byol":{"type":"bool","description_kind":"plain","required":true},"is_file_server_enabled":{"type":"bool","description_kind":"plain","optional":true,"computed":true},"message_packs":{"type":"number","description_kind":"plain","required":true},"state":{"type":"string","description_kind":"plain","optional":true,"computed":true},"state_message":{"type":"string","description_kind":"plain","computed":true},"time_created":{"type":"string","description_kind":"plain","computed":true},"time_updated":{"type":"string","description_kind":"plain","computed":true}},"block_types":{"timeouts":{"nesting_mode":"single","block":{"attributes":{"create":{"type":"string","description_kind":"plain","optional":true},"delete":{"type":"string","description_kind":"plain","optional":true},"update":{"type":"string","description_kind":"plain","optional":true}},"description_kind":"plain"}}},"description_kind":"plain"}},"oci_kms_encrypted_data":{"version":0,"block":{"attributes":{"associated_data":{"type":["map","string"],"description_kind":"plain","optional":true},"ciphertext":{"type":"string","description_kind":"plain","computed":true},"crypto_endpoint":{"type":"string","description_kind":"plain","required":true},"id":{"type":"string","description_kind":"plain","optional":true,"computed":true},"key_id":{"type":"string","description_kind":"plain","required":true},"logging_context":{"type":["map","string"],"description_kind":"plain","optional":true},"plaintext":{"type":"string","description_kind":"plain","required":true}},"block_types":{"timeouts":{"nesting_mode":"single","block":{"attributes":{"create":{"type":"string","description_kind":"plain","optional":true},"delete":{"type":"string","description_kind":"plain","optional":true},"update":{"type":"string","description_kind":"plain","optional":true}},"description_kind":"plain"}}},"description_kind":"plain"}},"oci_kms_generated_key":{"version":0,"block":{"attributes":{"associated_data":{"type":["map","string"],"description_kind":"plain","optional":true},"ciphertext":{"type":"string","description_kind":"plain","computed":true},"crypto_endpoint":{"type":"string","description_kind":"plain","required":true},"id":{"type":"string","description_kind":"plain","optional":true,"computed":true},"include_plaintext_key":{"type":"bool","description_kind":"plain","required":true},"key_id":{"type":"string","description_kind":"plain","required":true},"logging_context":{"type":["map","string"],"description_kind":"plain","optional":true},"plaintext":{"type":"string","description_kind":"plain","computed":true},"plaintext_checksum":{"type":"string","description_kind":"plain","computed":true}},"block_types":{"key_shape":{"nesting_mode":"list","block":{"attributes":{"algorithm":{"type":"string","description_kind":"plain","required":true},"length":{"type":"number","description_kind":"plain","required":true}},"description_kind":"plain"},"min_items":1,"max_items":1},"timeouts":{"nesting_mode":"single","block":{"attributes":{"create":{"type":"string","description_kind":"plain","optional":true},"delete":{"type":"string","description_kind":"plain","optional":true},"update":{"type":"string","description_kind":"plain","optional":true}},"description_kind":"plain"}}},"description_kind":"plain"}},"oci_kms_key":{"version":0,"block":{"attributes":{"compartment_id":{"type":"string","description_kind":"plain","required":true},"current_key_version":{"type":"string","description_kind":"plain","computed":true},"defined_tags":{"type":["map","string"],"description_kind":"plain","optional":true,"computed":true},"desired_state":{"type":"string","description_kind":"plain","optional":true,"computed":true},"display_name":{"type":"string","description_kind":"plain","required":true},"freeform_tags":{"type":["map","string"],"description_kind":"plain","optional":true,"computed":true},"id":{"type":"string","description_kind":"plain","optional":true,"computed":true},"management_endpoint":{"type":"string","description_kind":"plain","required":true},"restore_trigger":{"type":"bool","description_kind":"plain","optional":true},"restored_from_key_id":{"type":"string","description_kind":"plain","computed":true},"state":{"type":"string","description_kind":"plain","computed":true},"time_created":{"type":"string","description_kind":"plain","computed":true},"time_of_deletion":{"type":"string","description_kind":"plain","optional":true,"computed":true},"vault_id":{"type":"string","description_kind":"plain","computed":true}},"block_types":{"key_shape":{"nesting_mode":"list","block":{"attributes":{"algorithm":{"type":"string","description_kind":"plain","required":true},"length":{"type":"number","description_kind":"plain","required":true}},"description_kind":"plain"},"min_items":1,"max_items":1},"restore_from_file":{"nesting_mode":"list","block":{"attributes":{"content_length":{"type":"string","description_kind":"plain","required":true},"content_md5":{"type":"string","description_kind":"plain","optional":true},"restore_key_from_file_details":{"type":"string","description_kind":"plain","required":true}},"description_kind":"plain"},"max_items":1},"restore_from_object_store":{"nesting_mode":"list","block":{"attributes":{"bucket":{"type":"string","description_kind":"plain","optional":true},"destination":{"type":"string","description_kind":"plain","required":true},"namespace":{"type":"string","description_kind":"plain","optional":true},"object":{"type":"string","description_kind":"plain","optional":true},"uri":{"type":"string","description_kind":"plain","optional":true}},"description_kind":"plain"},"max_items":1},"timeouts":{"nesting_mode":"single","block":{"attributes":{"create":{"type":"string","description_kind":"plain","optional":true},"delete":{"type":"string","description_kind":"plain","optional":true},"update":{"type":"string","description_kind":"plain","optional":true}},"description_kind":"plain"}}},"description_kind":"plain"}},"oci_kms_key_version":{"version":0,"block":{"attributes":{"compartment_id":{"type":"string","description_kind":"plain","computed":true},"id":{"type":"string","description_kind":"plain","optional":true,"computed":true},"key_id":{"type":"string","description_kind":"plain","required":true},"key_version_id":{"type":"string","description_kind":"plain","computed":true},"management_endpoint":{"type":"string","description_kind":"plain","required":true},"restored_from_key_id":{"type":"string","description_kind":"plain","computed":true},"state":{"type":"string","description_kind":"plain","computed":true},"time_created":{"type":"string","description_kind":"plain","computed":true},"time_of_deletion":{"type":"string","description_kind":"plain","optional":true,"computed":true},"vault_id":{"type":"string","description_kind":"plain","computed":true}},"block_types":{"timeouts":{"nesting_mode":"single","block":{"attributes":{"create":{"type":"string","description_kind":"plain","optional":true},"delete":{"type":"string","description_kind":"plain","optional":true},"update":{"type":"string","description_kind":"plain","optional":true}},"description_kind":"plain"}}},"description_kind":"plain"}},"oci_kms_vault":{"version":0,"block":{"attributes":{"compartment_id":{"type":"string","description_kind":"plain","required":true},"crypto_endpoint":{"type":"string","description_kind":"plain","computed":true},"defined_tags":{"type":["map","string"],"description_kind":"plain","optional":true,"computed":true},"display_name":{"type":"string","description_kind":"plain","required":true},"freeform_tags":{"type":["map","string"],"description_kind":"plain","optional":true,"computed":true},"id":{"type":"string","description_kind":"plain","optional":true,"computed":true},"management_endpoint":{"type":"string","description_kind":"plain","computed":true},"restore_trigger":{"type":"bool","description_kind":"plain","optional":true},"restored_from_vault_id":{"type":"string","description_kind":"plain","computed":true},"state":{"type":"string","description_kind":"plain","computed":true},"time_created":{"type":"string","description_kind":"plain","computed":true},"time_of_deletion":{"type":"string","description_kind":"plain","optional":true,"computed":true},"vault_type":{"type":"string","description_kind":"plain","required":true}},"block_types":{"restore_from_file":{"nesting_mode":"list","block":{"attributes":{"content_length":{"type":"string","description_kind":"plain","required":true},"content_md5":{"type":"string","description_kind":"plain","optional":true},"restore_vault_from_file_details":{"type":"string","description_kind":"plain","required":true}},"description_kind":"plain"},"max_items":1},"restore_from_object_store":{"nesting_mode":"list","block":{"attributes":{"bucket":{"type":"string","description_kind":"plain","optional":true},"destination":{"type":"string","description_kind":"plain","required":true},"namespace":{"type":"string","description_kind":"plain","optional":true},"object":{"type":"string","description_kind":"plain","optional":true},"uri":{"type":"string","description_kind":"plain","optional":true}},"description_kind":"plain"},"max_items":1},"timeouts":{"nesting_mode":"single","block":{"attributes":{"create":{"type":"string","description_kind":"plain","optional":true},"delete":{"type":"string","description_kind":"plain","optional":true},"update":{"type":"string","description_kind":"plain","optional":true}},"description_kind":"plain"}}},"description_kind":"plain"}},"oci_limits_quota":{"version":0,"block":{"attributes":{"compartment_id":{"type":"string","description_kind":"plain","required":true},"defined_tags":{"type":["map","string"],"description_kind":"plain","optional":true,"computed":true},"description":{"type":"string","description_kind":"plain","required":true},"freeform_tags":{"type":["map","string"],"description_kind":"plain","optional":true,"computed":true},"id":{"type":"string","description_kind":"plain","optional":true,"computed":true},"name":{"type":"string","description_kind":"plain","required":true},"state":{"type":"string","description_kind":"plain","computed":true},"statements":{"type":["list","string"],"description_kind":"plain","required":true},"time_created":{"type":"string","description_kind":"plain","computed":true}},"block_types":{"timeouts":{"nesting_mode":"single","block":{"attributes":{"create":{"type":"string","description_kind":"plain","optional":true},"delete":{"type":"string","description_kind":"plain","optional":true},"update":{"type":"string","description_kind":"plain","optional":true}},"description_kind":"plain"}}},"description_kind":"plain"}},"oci_load_balancer":{"version":0,"block":{"attributes":{"compartment_id":{"type":"string","description_kind":"plain","required":true},"defined_tags":{"type":["map","string"],"description_kind":"plain","optional":true,"computed":true},"display_name":{"type":"string","description_kind":"plain","required":true},"freeform_tags":{"type":["map","string"],"description_kind":"plain","optional":true,"computed":true},"id":{"type":"string","description_kind":"plain","optional":true,"computed":true},"ip_address_details":{"type":["list",["object",{"ip_address":"string","is_public":"bool"}]],"description_kind":"plain","computed":true},"ip_addresses":{"type":["list","string"],"description_kind":"plain","computed":true},"ip_mode":{"type":"string","description_kind":"plain","optional":true,"computed":true},"is_private":{"type":"bool","description_kind":"plain","optional":true,"computed":true},"network_security_group_ids":{"type":["set","string"],"description_kind":"plain","optional":true},"shape":{"type":"string","description_kind":"plain","required":true},"state":{"type":"string","description_kind":"plain","computed":true},"subnet_ids":{"type":["list","string"],"description_kind":"plain","required":true},"system_tags":{"type":["map","string"],"description_kind":"plain","computed":true},"time_created":{"type":"string","description_kind":"plain","computed":true}},"block_types":{"timeouts":{"nesting_mode":"single","block":{"attributes":{"create":{"type":"string","description_kind":"plain","optional":true},"delete":{"type":"string","description_kind":"plain","optional":true},"update":{"type":"string","description_kind":"plain","optional":true}},"description_kind":"plain"}}},"description_kind":"plain"}},"oci_load_balancer_backend":{"version":0,"block":{"attributes":{"backendset_name":{"type":"string","description_kind":"plain","required":true},"backup":{"type":"bool","description_kind":"plain","optional":true},"drain":{"type":"bool","description_kind":"plain","optional":true,"computed":true},"id":{"type":"string","description_kind":"plain","optional":true,"computed":true},"ip_address":{"type":"string","description_kind":"plain","required":true},"load_balancer_id":{"type":"string","description_kind":"plain","required":true},"name":{"type":"string","description_kind":"plain","computed":true},"offline":{"type":"bool","description_kind":"plain","optional":true,"computed":true},"port":{"type":"number","description_kind":"plain","required":true},"state":{"type":"string","description_kind":"plain","computed":true},"weight":{"type":"number","description_kind":"plain","optional":true,"computed":true}},"block_types":{"timeouts":{"nesting_mode":"single","block":{"attributes":{"create":{"type":"string","description_kind":"plain","optional":true},"delete":{"type":"string","description_kind":"plain","optional":true},"update":{"type":"string","description_kind":"plain","optional":true}},"description_kind":"plain"}}},"description_kind":"plain"}},"oci_load_balancer_backend_set":{"version":0,"block":{"attributes":{"backend":{"type":["set",["object",{"backup":"bool","drain":"bool","ip_address":"string","name":"string","offline":"bool","port":"number","weight":"number"}]],"description_kind":"plain","computed":true},"id":{"type":"string","description_kind":"plain","optional":true,"computed":true},"load_balancer_id":{"type":"string","description_kind":"plain","required":true},"name":{"type":"string","description_kind":"plain","required":true},"policy":{"type":"string","description_kind":"plain","required":true},"state":{"type":"string","description_kind":"plain","computed":true}},"block_types":{"health_checker":{"nesting_mode":"list","block":{"attributes":{"interval_ms":{"type":"number","description_kind":"plain","optional":true},"port":{"type":"number","description_kind":"plain","optional":true},"protocol":{"type":"string","description_kind":"plain","required":true},"response_body_regex":{"type":"string","description_kind":"plain","optional":true,"computed":true},"retries":{"type":"number","description_kind":"plain","optional":true},"return_code":{"type":"number","description_kind":"plain","optional":true,"computed":true},"timeout_in_millis":{"type":"number","description_kind":"plain","optional":true},"url_path":{"type":"string","description_kind":"plain","optional":true,"computed":true}},"description_kind":"plain"},"min_items":1,"max_items":1},"lb_cookie_session_persistence_configuration":{"nesting_mode":"list","block":{"attributes":{"cookie_name":{"type":"string","description_kind":"plain","optional":true,"computed":true},"disable_fallback":{"type":"bool","description_kind":"plain","optional":true,"computed":true},"domain":{"type":"string","description_kind":"plain","optional":true,"computed":true},"is_http_only":{"type":"bool","description_kind":"plain","optional":true,"computed":true},"is_secure":{"type":"bool","description_kind":"plain","optional":true,"computed":true},"max_age_in_seconds":{"type":"number","description_kind":"plain","optional":true,"computed":true},"path":{"type":"string","description_kind":"plain","optional":true,"computed":true}},"description_kind":"plain"},"max_items":1},"session_persistence_configuration":{"nesting_mode":"list","block":{"attributes":{"cookie_name":{"type":"string","description_kind":"plain","required":true},"disable_fallback":{"type":"bool","description_kind":"plain","optional":true}},"description_kind":"plain"},"max_items":1},"ssl_configuration":{"nesting_mode":"list","block":{"attributes":{"certificate_name":{"type":"string","description_kind":"plain","required":true},"cipher_suite_name":{"type":"string","description_kind":"plain","optional":true,"computed":true},"protocols":{"type":["list","string"],"description_kind":"plain","optional":true,"computed":true},"server_order_preference":{"type":"string","description_kind":"plain","optional":true,"computed":true},"verify_depth":{"type":"number","description_kind":"plain","optional":true},"verify_peer_certificate":{"type":"bool","description_kind":"plain","optional":true}},"description_kind":"plain"},"max_items":1},"timeouts":{"nesting_mode":"single","block":{"attributes":{"create":{"type":"string","description_kind":"plain","optional":true},"delete":{"type":"string","description_kind":"plain","optional":true},"update":{"type":"string","description_kind":"plain","optional":true}},"description_kind":"plain"}}},"description_kind":"plain"}},"oci_load_balancer_backendset":{"version":0,"block":{"attributes":{"backend":{"type":["set",["object",{"backup":"bool","drain":"bool","ip_address":"string","name":"string","offline":"bool","port":"number","weight":"number"}]],"description_kind":"plain","computed":true},"id":{"type":"string","description_kind":"plain","optional":true,"computed":true},"load_balancer_id":{"type":"string","description_kind":"plain","required":true},"name":{"type":"string","description_kind":"plain","required":true},"policy":{"type":"string","description_kind":"plain","required":true},"state":{"type":"string","description_kind":"plain","computed":true}},"block_types":{"health_checker":{"nesting_mode":"list","block":{"attributes":{"interval_ms":{"type":"number","description_kind":"plain","optional":true},"port":{"type":"number","description_kind":"plain","optional":true},"protocol":{"type":"string","description_kind":"plain","required":true},"response_body_regex":{"type":"string","description_kind":"plain","optional":true,"computed":true},"retries":{"type":"number","description_kind":"plain","optional":true},"return_code":{"type":"number","description_kind":"plain","optional":true,"computed":true},"timeout_in_millis":{"type":"number","description_kind":"plain","optional":true},"url_path":{"type":"string","description_kind":"plain","optional":true,"computed":true}},"description_kind":"plain"},"min_items":1,"max_items":1},"lb_cookie_session_persistence_configuration":{"nesting_mode":"list","block":{"attributes":{"cookie_name":{"type":"string","description_kind":"plain","optional":true,"computed":true},"disable_fallback":{"type":"bool","description_kind":"plain","optional":true,"computed":true},"domain":{"type":"string","description_kind":"plain","optional":true,"computed":true},"is_http_only":{"type":"bool","description_kind":"plain","optional":true,"computed":true},"is_secure":{"type":"bool","description_kind":"plain","optional":true,"computed":true},"max_age_in_seconds":{"type":"number","description_kind":"plain","optional":true,"computed":true},"path":{"type":"string","description_kind":"plain","optional":true,"computed":true}},"description_kind":"plain"},"max_items":1},"session_persistence_configuration":{"nesting_mode":"list","block":{"attributes":{"cookie_name":{"type":"string","description_kind":"plain","required":true},"disable_fallback":{"type":"bool","description_kind":"plain","optional":true}},"description_kind":"plain"},"max_items":1},"ssl_configuration":{"nesting_mode":"list","block":{"attributes":{"certificate_name":{"type":"string","description_kind":"plain","required":true},"cipher_suite_name":{"type":"string","description_kind":"plain","optional":true,"computed":true},"protocols":{"type":["list","string"],"description_kind":"plain","optional":true,"computed":true},"server_order_preference":{"type":"string","description_kind":"plain","optional":true,"computed":true},"verify_depth":{"type":"number","description_kind":"plain","optional":true},"verify_peer_certificate":{"type":"bool","description_kind":"plain","optional":true}},"description_kind":"plain"},"max_items":1},"timeouts":{"nesting_mode":"single","block":{"attributes":{"create":{"type":"string","description_kind":"plain","optional":true},"delete":{"type":"string","description_kind":"plain","optional":true},"update":{"type":"string","description_kind":"plain","optional":true}},"description_kind":"plain"}}},"description_kind":"plain"}},"oci_load_balancer_certificate":{"version":0,"block":{"attributes":{"ca_certificate":{"type":"string","description_kind":"plain","optional":true,"computed":true},"certificate_name":{"type":"string","description_kind":"plain","required":true},"id":{"type":"string","description_kind":"plain","optional":true,"computed":true},"load_balancer_id":{"type":"string","description_kind":"plain","required":true},"passphrase":{"type":"string","description_kind":"plain","optional":true,"sensitive":true},"private_key":{"type":"string","description_kind":"plain","optional":true,"computed":true,"sensitive":true},"public_certificate":{"type":"string","description_kind":"plain","optional":true,"computed":true},"state":{"type":"string","description_kind":"plain","computed":true}},"block_types":{"timeouts":{"nesting_mode":"single","block":{"attributes":{"create":{"type":"string","description_kind":"plain","optional":true},"delete":{"type":"string","description_kind":"plain","optional":true},"update":{"type":"string","description_kind":"plain","optional":true}},"description_kind":"plain"}}},"description_kind":"plain"}},"oci_load_balancer_hostname":{"version":0,"block":{"attributes":{"hostname":{"type":"string","description_kind":"plain","required":true},"id":{"type":"string","description_kind":"plain","optional":true,"computed":true},"load_balancer_id":{"type":"string","description_kind":"plain","required":true},"name":{"type":"string","description_kind":"plain","required":true},"state":{"type":"string","description_kind":"plain","computed":true}},"block_types":{"timeouts":{"nesting_mode":"single","block":{"attributes":{"create":{"type":"string","description_kind":"plain","optional":true},"delete":{"type":"string","description_kind":"plain","optional":true},"update":{"type":"string","description_kind":"plain","optional":true}},"description_kind":"plain"}}},"description_kind":"plain"}},"oci_load_balancer_listener":{"version":0,"block":{"attributes":{"default_backend_set_name":{"type":"string","description_kind":"plain","required":true},"hostname_names":{"type":["list","string"],"description_kind":"plain","optional":true,"computed":true},"id":{"type":"string","description_kind":"plain","optional":true,"computed":true},"load_balancer_id":{"type":"string","description_kind":"plain","required":true},"name":{"type":"string","description_kind":"plain","required":true},"path_route_set_name":{"type":"string","description_kind":"plain","optional":true,"computed":true},"port":{"type":"number","description_kind":"plain","required":true},"protocol":{"type":"string","description_kind":"plain","required":true},"rule_set_names":{"type":["list","string"],"description_kind":"plain","optional":true,"computed":true},"state":{"type":"string","description_kind":"plain","computed":true}},"block_types":{"connection_configuration":{"nesting_mode":"list","block":{"attributes":{"backend_tcp_proxy_protocol_version":{"type":"number","description_kind":"plain","optional":true},"idle_timeout_in_seconds":{"type":"string","description_kind":"plain","required":true}},"description_kind":"plain"},"max_items":1},"ssl_configuration":{"nesting_mode":"list","block":{"attributes":{"certificate_name":{"type":"string","description_kind":"plain","required":true},"cipher_suite_name":{"type":"string","description_kind":"plain","optional":true,"computed":true},"protocols":{"type":["list","string"],"description_kind":"plain","optional":true,"computed":true},"server_order_preference":{"type":"string","description_kind":"plain","optional":true,"computed":true},"verify_depth":{"type":"number","description_kind":"plain","optional":true},"verify_peer_certificate":{"type":"bool","description_kind":"plain","optional":true}},"description_kind":"plain"},"max_items":1},"timeouts":{"nesting_mode":"single","block":{"attributes":{"create":{"type":"string","description_kind":"plain","optional":true},"delete":{"type":"string","description_kind":"plain","optional":true},"update":{"type":"string","description_kind":"plain","optional":true}},"description_kind":"plain"}}},"description_kind":"plain"}},"oci_load_balancer_load_balancer":{"version":0,"block":{"attributes":{"compartment_id":{"type":"string","description_kind":"plain","required":true},"defined_tags":{"type":["map","string"],"description_kind":"plain","optional":true,"computed":true},"display_name":{"type":"string","description_kind":"plain","required":true},"freeform_tags":{"type":["map","string"],"description_kind":"plain","optional":true,"computed":true},"id":{"type":"string","description_kind":"plain","optional":true,"computed":true},"ip_address_details":{"type":["list",["object",{"ip_address":"string","is_public":"bool"}]],"description_kind":"plain","computed":true},"ip_addresses":{"type":["list","string"],"description_kind":"plain","computed":true},"ip_mode":{"type":"string","description_kind":"plain","optional":true,"computed":true},"is_private":{"type":"bool","description_kind":"plain","optional":true,"computed":true},"network_security_group_ids":{"type":["set","string"],"description_kind":"plain","optional":true},"shape":{"type":"string","description_kind":"plain","required":true},"state":{"type":"string","description_kind":"plain","computed":true},"subnet_ids":{"type":["list","string"],"description_kind":"plain","required":true},"system_tags":{"type":["map","string"],"description_kind":"plain","computed":true},"time_created":{"type":"string","description_kind":"plain","computed":true}},"block_types":{"timeouts":{"nesting_mode":"single","block":{"attributes":{"create":{"type":"string","description_kind":"plain","optional":true},"delete":{"type":"string","description_kind":"plain","optional":true},"update":{"type":"string","description_kind":"plain","optional":true}},"description_kind":"plain"}}},"description_kind":"plain"}},"oci_load_balancer_path_route_set":{"version":0,"block":{"attributes":{"id":{"type":"string","description_kind":"plain","optional":true,"computed":true},"load_balancer_id":{"type":"string","description_kind":"plain","required":true},"name":{"type":"string","description_kind":"plain","required":true},"state":{"type":"string","description_kind":"plain","computed":true}},"block_types":{"path_routes":{"nesting_mode":"list","block":{"attributes":{"backend_set_name":{"type":"string","description_kind":"plain","required":true},"path":{"type":"string","description_kind":"plain","required":true}},"block_types":{"path_match_type":{"nesting_mode":"list","block":{"attributes":{"match_type":{"type":"string","description_kind":"plain","required":true}},"description_kind":"plain"},"min_items":1,"max_items":1}},"description_kind":"plain"},"min_items":1},"timeouts":{"nesting_mode":"single","block":{"attributes":{"create":{"type":"string","description_kind":"plain","optional":true},"delete":{"type":"string","description_kind":"plain","optional":true},"update":{"type":"string","description_kind":"plain","optional":true}},"description_kind":"plain"}}},"description_kind":"plain"}},"oci_load_balancer_rule_set":{"version":0,"block":{"attributes":{"id":{"type":"string","description_kind":"plain","optional":true,"computed":true},"load_balancer_id":{"type":"string","description_kind":"plain","required":true},"name":{"type":"string","description_kind":"plain","required":true},"state":{"type":"string","description_kind":"plain","computed":true}},"block_types":{"items":{"nesting_mode":"set","block":{"attributes":{"action":{"type":"string","description_kind":"plain","required":true},"allowed_methods":{"type":["list","string"],"description_kind":"plain","optional":true,"computed":true},"are_invalid_characters_allowed":{"type":"bool","description_kind":"plain","optional":true,"computed":true},"description":{"type":"string","description_kind":"plain","optional":true,"computed":true},"header":{"type":"string","description_kind":"plain","optional":true,"computed":true},"http_large_header_size_in_kb":{"type":"number","description_kind":"plain","optional":true,"computed":true},"prefix":{"type":"string","description_kind":"plain","optional":true,"computed":true},"response_code":{"type":"number","description_kind":"plain","optional":true,"computed":true},"status_code":{"type":"number","description_kind":"plain","optional":true,"computed":true},"suffix":{"type":"string","description_kind":"plain","optional":true,"computed":true},"value":{"type":"string","description_kind":"plain","optional":true,"computed":true}},"block_types":{"conditions":{"nesting_mode":"list","block":{"attributes":{"attribute_name":{"type":"string","description_kind":"plain","required":true},"attribute_value":{"type":"string","description_kind":"plain","required":true},"operator":{"type":"string","description_kind":"plain","optional":true,"computed":true}},"description_kind":"plain"}},"redirect_uri":{"nesting_mode":"list","block":{"attributes":{"host":{"type":"string","description_kind":"plain","optional":true,"computed":true},"path":{"type":"string","description_kind":"plain","optional":true,"computed":true},"port":{"type":"number","description_kind":"plain","optional":true,"computed":true},"protocol":{"type":"string","description_kind":"plain","optional":true,"computed":true},"query":{"type":"string","description_kind":"plain","optional":true,"computed":true}},"description_kind":"plain"},"max_items":1}},"description_kind":"plain"},"min_items":1},"timeouts":{"nesting_mode":"single","block":{"attributes":{"create":{"type":"string","description_kind":"plain","optional":true},"delete":{"type":"string","description_kind":"plain","optional":true},"update":{"type":"string","description_kind":"plain","optional":true}},"description_kind":"plain"}}},"description_kind":"plain"}},"oci_load_balancer_ssl_cipher_suite":{"version":0,"block":{"attributes":{"ciphers":{"type":["list","string"],"description_kind":"plain","required":true},"id":{"type":"string","description_kind":"plain","optional":true,"computed":true},"load_balancer_id":{"type":"string","description_kind":"plain","optional":true,"computed":true},"name":{"type":"string","description_kind":"plain","required":true},"state":{"type":"string","description_kind":"plain","computed":true}},"block_types":{"timeouts":{"nesting_mode":"single","block":{"attributes":{"create":{"type":"string","description_kind":"plain","optional":true},"delete":{"type":"string","description_kind":"plain","optional":true},"update":{"type":"string","description_kind":"plain","optional":true}},"description_kind":"plain"}}},"description_kind":"plain"}},"oci_logging_log":{"version":0,"block":{"attributes":{"compartment_id":{"type":"string","description_kind":"plain","computed":true},"defined_tags":{"type":["map","string"],"description_kind":"plain","optional":true,"computed":true},"display_name":{"type":"string","description_kind":"plain","required":true},"freeform_tags":{"type":["map","string"],"description_kind":"plain","optional":true,"computed":true},"id":{"type":"string","description_kind":"plain","optional":true,"computed":true},"is_enabled":{"type":"bool","description_kind":"plain","optional":true,"computed":true},"log_group_id":{"type":"string","description_kind":"plain","required":true},"log_type":{"type":"string","description_kind":"plain","required":true},"retention_duration":{"type":"number","description_kind":"plain","optional":true,"computed":true},"state":{"type":"string","description_kind":"plain","computed":true},"tenancy_id":{"type":"string","description_kind":"plain","computed":true},"time_created":{"type":"string","description_kind":"plain","computed":true},"time_last_modified":{"type":"string","description_kind":"plain","computed":true}},"block_types":{"configuration":{"nesting_mode":"list","block":{"attributes":{"compartment_id":{"type":"string","description_kind":"plain","optional":true,"computed":true}},"block_types":{"source":{"nesting_mode":"list","block":{"attributes":{"category":{"type":"string","description_kind":"plain","required":true},"resource":{"type":"string","description_kind":"plain","required":true},"service":{"type":"string","description_kind":"plain","required":true},"source_type":{"type":"string","description_kind":"plain","required":true}},"description_kind":"plain"},"min_items":1,"max_items":1}},"description_kind":"plain"},"max_items":1},"timeouts":{"nesting_mode":"single","block":{"attributes":{"create":{"type":"string","description_kind":"plain","optional":true},"delete":{"type":"string","description_kind":"plain","optional":true},"update":{"type":"string","description_kind":"plain","optional":true}},"description_kind":"plain"}}},"description_kind":"plain"}},"oci_logging_log_group":{"version":0,"block":{"attributes":{"compartment_id":{"type":"string","description_kind":"plain","required":true},"defined_tags":{"type":["map","string"],"description_kind":"plain","optional":true,"computed":true},"description":{"type":"string","description_kind":"plain","optional":true,"computed":true},"display_name":{"type":"string","description_kind":"plain","required":true},"freeform_tags":{"type":["map","string"],"description_kind":"plain","optional":true,"computed":true},"id":{"type":"string","description_kind":"plain","optional":true,"computed":true},"state":{"type":"string","description_kind":"plain","computed":true},"time_created":{"type":"string","description_kind":"plain","computed":true},"time_last_modified":{"type":"string","description_kind":"plain","computed":true}},"block_types":{"timeouts":{"nesting_mode":"single","block":{"attributes":{"create":{"type":"string","description_kind":"plain","optional":true},"delete":{"type":"string","description_kind":"plain","optional":true},"update":{"type":"string","description_kind":"plain","optional":true}},"description_kind":"plain"}}},"description_kind":"plain"}},"oci_management_agent_management_agent":{"version":0,"block":{"attributes":{"compartment_id":{"type":"string","description_kind":"plain","computed":true},"defined_tags":{"type":["map","string"],"description_kind":"plain","optional":true,"computed":true},"deploy_plugins_id":{"type":["list","string"],"description_kind":"plain","optional":true},"display_name":{"type":"string","description_kind":"plain","optional":true,"computed":true},"freeform_tags":{"type":["map","string"],"description_kind":"plain","optional":true,"computed":true},"host":{"type":"string","description_kind":"plain","computed":true},"id":{"type":"string","description_kind":"plain","optional":true,"computed":true},"install_key_id":{"type":"string","description_kind":"plain","computed":true},"install_path":{"type":"string","description_kind":"plain","computed":true},"is_agent_auto_upgradable":{"type":"bool","description_kind":"plain","optional":true,"computed":true},"lifecycle_details":{"type":"string","description_kind":"plain","computed":true},"managed_agent_id":{"type":"string","description_kind":"plain","required":true},"platform_name":{"type":"string","description_kind":"plain","computed":true},"platform_type":{"type":"string","description_kind":"plain","computed":true},"platform_version":{"type":"string","description_kind":"plain","computed":true},"plugin_list":{"type":["list",["object",{"plugin_display_name":"string","plugin_id":"string","plugin_name":"string","plugin_version":"string"}]],"description_kind":"plain","computed":true},"state":{"type":"string","description_kind":"plain","computed":true},"time_created":{"type":"string","description_kind":"plain","computed":true},"time_last_heartbeat":{"type":"string","description_kind":"plain","computed":true},"time_updated":{"type":"string","description_kind":"plain","computed":true},"version":{"type":"string","description_kind":"plain","computed":true}},"block_types":{"timeouts":{"nesting_mode":"single","block":{"attributes":{"create":{"type":"string","description_kind":"plain","optional":true},"delete":{"type":"string","description_kind":"plain","optional":true},"update":{"type":"string","description_kind":"plain","optional":true}},"description_kind":"plain"}}},"description_kind":"plain"}},"oci_management_agent_management_agent_install_key":{"version":0,"block":{"attributes":{"allowed_key_install_count":{"type":"number","description_kind":"plain","optional":true,"computed":true},"compartment_id":{"type":"string","description_kind":"plain","required":true},"created_by_principal_id":{"type":"string","description_kind":"plain","computed":true},"current_key_install_count":{"type":"number","description_kind":"plain","computed":true},"display_name":{"type":"string","description_kind":"plain","required":true},"id":{"type":"string","description_kind":"plain","optional":true,"computed":true},"key":{"type":"string","description_kind":"plain","computed":true},"lifecycle_details":{"type":"string","description_kind":"plain","computed":true},"state":{"type":"string","description_kind":"plain","computed":true},"time_created":{"type":"string","description_kind":"plain","computed":true},"time_expires":{"type":"string","description_kind":"plain","optional":true,"computed":true},"time_updated":{"type":"string","description_kind":"plain","computed":true}},"block_types":{"timeouts":{"nesting_mode":"single","block":{"attributes":{"create":{"type":"string","description_kind":"plain","optional":true},"delete":{"type":"string","description_kind":"plain","optional":true},"update":{"type":"string","description_kind":"plain","optional":true}},"description_kind":"plain"}}},"description_kind":"plain"}},"oci_marketplace_accepted_agreement":{"version":0,"block":{"attributes":{"agreement_id":{"type":"string","description_kind":"plain","required":true},"compartment_id":{"type":"string","description_kind":"plain","required":true},"defined_tags":{"type":["map","string"],"description_kind":"plain","optional":true,"computed":true},"display_name":{"type":"string","description_kind":"plain","optional":true,"computed":true},"freeform_tags":{"type":["map","string"],"description_kind":"plain","optional":true,"computed":true},"id":{"type":"string","description_kind":"plain","optional":true,"computed":true},"listing_id":{"type":"string","description_kind":"plain","required":true},"package_version":{"type":"string","description_kind":"plain","required":true},"signature":{"type":"string","description_kind":"plain","required":true},"time_accepted":{"type":"string","description_kind":"plain","computed":true}},"block_types":{"timeouts":{"nesting_mode":"single","block":{"attributes":{"create":{"type":"string","description_kind":"plain","optional":true},"delete":{"type":"string","description_kind":"plain","optional":true},"update":{"type":"string","description_kind":"plain","optional":true}},"description_kind":"plain"}}},"description_kind":"plain"}},"oci_marketplace_listing_package_agreement":{"version":0,"block":{"attributes":{"agreement_id":{"type":"string","description_kind":"plain","required":true},"author":{"type":"string","description_kind":"plain","computed":true},"compartment_id":{"type":"string","description_kind":"plain","computed":true},"content_url":{"type":"string","description_kind":"plain","computed":true},"id":{"type":"string","description_kind":"plain","optional":true,"computed":true},"listing_id":{"type":"string","description_kind":"plain","required":true},"package_version":{"type":"string","description_kind":"plain","required":true},"prompt":{"type":"string","description_kind":"plain","computed":true},"signature":{"type":"string","description_kind":"plain","computed":true}},"description_kind":"plain"}},"oci_metering_computation_usage":{"version":0,"block":{"attributes":{"compartment_depth":{"type":"number","description_kind":"plain","optional":true,"computed":true},"filter":{"type":"string","description_kind":"plain","optional":true},"granularity":{"type":"string","description_kind":"plain","required":true},"group_by":{"type":["list","string"],"description_kind":"plain","optional":true,"computed":true},"id":{"type":"string","description_kind":"plain","optional":true,"computed":true},"items":{"type":["list",["object",{"ad":"string","compartment_id":"string","compartment_name":"string","compartment_path":"string","computed_amount":"number","computed_quantity":"number","currency":"string","discount":"number","list_rate":"number","overage":"string","overages_flag":"string","platform":"string","region":"string","resource_id":"string","resource_name":"string","service":"string","shape":"string","sku_name":"string","sku_part_number":"string","subscription_id":"string","tags":["list",["object",{"key":"string","namespace":"string","value":"string"}]],"time_usage_ended":"string","time_usage_started":"string","unit":"string","unit_price":"number","weight":"number"}]],"description_kind":"plain","computed":true},"query_type":{"type":"string","description_kind":"plain","optional":true,"computed":true},"tenant_id":{"type":"string","description_kind":"plain","required":true},"time_usage_ended":{"type":"string","description_kind":"plain","required":true},"time_usage_started":{"type":"string","description_kind":"plain","required":true}},"block_types":{"timeouts":{"nesting_mode":"single","block":{"attributes":{"create":{"type":"string","description_kind":"plain","optional":true},"delete":{"type":"string","description_kind":"plain","optional":true},"update":{"type":"string","description_kind":"plain","optional":true}},"description_kind":"plain"}}},"description_kind":"plain"}},"oci_monitoring_alarm":{"version":0,"block":{"attributes":{"body":{"type":"string","description_kind":"plain","optional":true,"computed":true},"compartment_id":{"type":"string","description_kind":"plain","required":true},"defined_tags":{"type":["map","string"],"description_kind":"plain","optional":true,"computed":true},"destinations":{"type":["list","string"],"description_kind":"plain","required":true},"display_name":{"type":"string","description_kind":"plain","required":true},"freeform_tags":{"type":["map","string"],"description_kind":"plain","optional":true,"computed":true},"id":{"type":"string","description_kind":"plain","optional":true,"computed":true},"is_enabled":{"type":"bool","description_kind":"plain","required":true},"metric_compartment_id":{"type":"string","description_kind":"plain","required":true},"metric_compartment_id_in_subtree":{"type":"bool","description_kind":"plain","optional":true,"computed":true},"namespace":{"type":"string","description_kind":"plain","required":true},"pending_duration":{"type":"string","description_kind":"plain","optional":true,"computed":true},"query":{"type":"string","description_kind":"plain","required":true},"repeat_notification_duration":{"type":"string","description_kind":"plain","optional":true,"computed":true},"resolution":{"type":"string","description_kind":"plain","optional":true,"computed":true},"resource_group":{"type":"string","description_kind":"plain","optional":true,"computed":true},"severity":{"type":"string","description_kind":"plain","required":true},"state":{"type":"string","description_kind":"plain","computed":true},"time_created":{"type":"string","description_kind":"plain","computed":true},"time_updated":{"type":"string","description_kind":"plain","computed":true}},"block_types":{"suppression":{"nesting_mode":"list","block":{"attributes":{"description":{"type":"string","description_kind":"plain","optional":true,"computed":true},"time_suppress_from":{"type":"string","description_kind":"plain","required":true},"time_suppress_until":{"type":"string","description_kind":"plain","required":true}},"description_kind":"plain"},"max_items":1},"timeouts":{"nesting_mode":"single","block":{"attributes":{"create":{"type":"string","description_kind":"plain","optional":true},"delete":{"type":"string","description_kind":"plain","optional":true},"update":{"type":"string","description_kind":"plain","optional":true}},"description_kind":"plain"}}},"description_kind":"plain"}},"oci_mysql_mysql_backup":{"version":0,"block":{"attributes":{"backup_size_in_gbs":{"type":"number","description_kind":"plain","computed":true},"backup_type":{"type":"string","description_kind":"plain","optional":true,"computed":true},"compartment_id":{"type":"string","description_kind":"plain","computed":true},"creation_type":{"type":"string","description_kind":"plain","computed":true},"data_storage_size_in_gb":{"type":"number","description_kind":"plain","computed":true},"db_system_id":{"type":"string","description_kind":"plain","required":true},"defined_tags":{"type":["map","string"],"description_kind":"plain","optional":true,"computed":true},"description":{"type":"string","description_kind":"plain","optional":true,"computed":true},"display_name":{"type":"string","description_kind":"plain","optional":true,"computed":true},"freeform_tags":{"type":["map","string"],"description_kind":"plain","optional":true,"computed":true},"id":{"type":"string","description_kind":"plain","optional":true,"computed":true},"lifecycle_details":{"type":"string","description_kind":"plain","computed":true},"mysql_version":{"type":"string","description_kind":"plain","computed":true},"retention_in_days":{"type":"number","description_kind":"plain","optional":true,"computed":true},"shape_name":{"type":"string","description_kind":"plain","computed":true},"state":{"type":"string","description_kind":"plain","computed":true},"time_created":{"type":"string","description_kind":"plain","computed":true},"time_updated":{"type":"string","description_kind":"plain","computed":true}},"block_types":{"timeouts":{"nesting_mode":"single","block":{"attributes":{"create":{"type":"string","description_kind":"plain","optional":true},"delete":{"type":"string","description_kind":"plain","optional":true},"update":{"type":"string","description_kind":"plain","optional":true}},"description_kind":"plain"}}},"description_kind":"plain"}},"oci_mysql_mysql_db_system":{"version":0,"block":{"attributes":{"admin_password":{"type":"string","description_kind":"plain","required":true,"sensitive":true},"admin_username":{"type":"string","description_kind":"plain","required":true},"availability_domain":{"type":"string","description_kind":"plain","required":true},"compartment_id":{"type":"string","description_kind":"plain","required":true},"configuration_id":{"type":"string","description_kind":"plain","required":true},"data_storage_size_in_gb":{"type":"number","description_kind":"plain","optional":true,"computed":true},"defined_tags":{"type":["map","string"],"description_kind":"plain","optional":true,"computed":true},"description":{"type":"string","description_kind":"plain","optional":true,"computed":true},"display_name":{"type":"string","description_kind":"plain","optional":true,"computed":true},"endpoints":{"type":["list",["object",{"hostname":"string","ip_address":"string","modes":["list","string"],"port":"number","port_x":"number","status":"string","status_details":"string"}]],"description_kind":"plain","computed":true},"fault_domain":{"type":"string","description_kind":"plain","optional":true,"computed":true},"freeform_tags":{"type":["map","string"],"description_kind":"plain","optional":true,"computed":true},"hostname_label":{"type":"string","description_kind":"plain","optional":true,"computed":true},"id":{"type":"string","description_kind":"plain","optional":true,"computed":true},"ip_address":{"type":"string","description_kind":"plain","optional":true,"computed":true},"lifecycle_details":{"type":"string","description_kind":"plain","computed":true},"mysql_version":{"type":"string","description_kind":"plain","optional":true,"computed":true},"port":{"type":"number","description_kind":"plain","optional":true,"computed":true},"port_x":{"type":"number","description_kind":"plain","optional":true,"computed":true},"shape_name":{"type":"string","description_kind":"plain","required":true},"shutdown_type":{"type":"string","description_kind":"plain","optional":true},"state":{"type":"string","description_kind":"plain","optional":true,"computed":true},"subnet_id":{"type":"string","description_kind":"plain","required":true},"time_created":{"type":"string","description_kind":"plain","computed":true},"time_updated":{"type":"string","description_kind":"plain","computed":true}},"block_types":{"backup_policy":{"nesting_mode":"list","block":{"attributes":{"defined_tags":{"type":["map","string"],"description_kind":"plain","optional":true,"computed":true},"freeform_tags":{"type":["map","string"],"description_kind":"plain","optional":true,"computed":true},"is_enabled":{"type":"bool","description_kind":"plain","optional":true,"computed":true},"retention_in_days":{"type":"number","description_kind":"plain","optional":true,"computed":true},"window_start_time":{"type":"string","description_kind":"plain","optional":true,"computed":true}},"description_kind":"plain"},"max_items":1},"maintenance":{"nesting_mode":"list","block":{"attributes":{"window_start_time":{"type":"string","description_kind":"plain","required":true}},"description_kind":"plain"},"max_items":1},"source":{"nesting_mode":"list","block":{"attributes":{"backup_id":{"type":"string","description_kind":"plain","optional":true,"computed":true},"source_type":{"type":"string","description_kind":"plain","required":true}},"description_kind":"plain"},"max_items":1},"timeouts":{"nesting_mode":"single","block":{"attributes":{"create":{"type":"string","description_kind":"plain","optional":true},"delete":{"type":"string","description_kind":"plain","optional":true},"update":{"type":"string","description_kind":"plain","optional":true}},"description_kind":"plain"}}},"description_kind":"plain"}},"oci_nosql_index":{"version":0,"block":{"attributes":{"compartment_id":{"type":"string","description_kind":"plain","optional":true,"computed":true},"id":{"type":"string","description_kind":"plain","optional":true,"computed":true},"is_if_not_exists":{"type":"bool","description_kind":"plain","optional":true,"computed":true},"lifecycle_details":{"type":"string","description_kind":"plain","computed":true},"name":{"type":"string","description_kind":"plain","required":true},"state":{"type":"string","description_kind":"plain","computed":true},"table_id":{"type":"string","description_kind":"plain","computed":true},"table_name":{"type":"string","description_kind":"plain","computed":true},"table_name_or_id":{"type":"string","description_kind":"plain","required":true}},"block_types":{"keys":{"nesting_mode":"list","block":{"attributes":{"column_name":{"type":"string","description_kind":"plain","required":true},"json_field_type":{"type":"string","description_kind":"plain","optional":true,"computed":true},"json_path":{"type":"string","description_kind":"plain","optional":true,"computed":true}},"description_kind":"plain"},"min_items":1},"timeouts":{"nesting_mode":"single","block":{"attributes":{"create":{"type":"string","description_kind":"plain","optional":true},"delete":{"type":"string","description_kind":"plain","optional":true},"update":{"type":"string","description_kind":"plain","optional":true}},"description_kind":"plain"}}},"description_kind":"plain"}},"oci_nosql_table":{"version":0,"block":{"attributes":{"compartment_id":{"type":"string","description_kind":"plain","required":true},"ddl_statement":{"type":"string","description_kind":"plain","required":true},"defined_tags":{"type":["map","string"],"description_kind":"plain","optional":true,"computed":true},"freeform_tags":{"type":["map","string"],"description_kind":"plain","optional":true,"computed":true},"id":{"type":"string","description_kind":"plain","optional":true,"computed":true},"lifecycle_details":{"type":"string","description_kind":"plain","computed":true},"name":{"type":"string","description_kind":"plain","required":true},"schema":{"type":["list",["object",{"columns":["list",["object",{"default_value":"string","is_nullable":"bool","name":"string","type":"string"}]],"primary_key":["list","string"],"shard_key":["list","string"],"ttl":"number"}]],"description_kind":"plain","computed":true},"state":{"type":"string","description_kind":"plain","computed":true},"time_created":{"type":"string","description_kind":"plain","computed":true},"time_updated":{"type":"string","description_kind":"plain","computed":true}},"block_types":{"table_limits":{"nesting_mode":"list","block":{"attributes":{"max_read_units":{"type":"number","description_kind":"plain","required":true},"max_storage_in_gbs":{"type":"number","description_kind":"plain","required":true},"max_write_units":{"type":"number","description_kind":"plain","required":true}},"description_kind":"plain"},"min_items":1,"max_items":1},"timeouts":{"nesting_mode":"single","block":{"attributes":{"create":{"type":"string","description_kind":"plain","optional":true},"delete":{"type":"string","description_kind":"plain","optional":true},"update":{"type":"string","description_kind":"plain","optional":true}},"description_kind":"plain"}}},"description_kind":"plain"}},"oci_objectstorage_bucket":{"version":0,"block":{"attributes":{"access_type":{"type":"string","description_kind":"plain","optional":true},"approximate_count":{"type":"string","description_kind":"plain","computed":true},"approximate_size":{"type":"string","description_kind":"plain","computed":true},"bucket_id":{"type":"string","description_kind":"plain","computed":true},"compartment_id":{"type":"string","description_kind":"plain","required":true},"created_by":{"type":"string","description_kind":"plain","computed":true},"defined_tags":{"type":["map","string"],"description_kind":"plain","optional":true,"computed":true},"etag":{"type":"string","description_kind":"plain","computed":true},"freeform_tags":{"type":["map","string"],"description_kind":"plain","optional":true,"computed":true},"id":{"type":"string","description_kind":"plain","optional":true,"computed":true},"is_read_only":{"type":"bool","description_kind":"plain","computed":true},"kms_key_id":{"type":"string","description_kind":"plain","optional":true,"computed":true},"metadata":{"type":["map","string"],"description_kind":"plain","optional":true},"name":{"type":"string","description_kind":"plain","required":true},"namespace":{"type":"string","description_kind":"plain","required":true},"object_events_enabled":{"type":"bool","description_kind":"plain","optional":true,"computed":true},"object_lifecycle_policy_etag":{"type":"string","description_kind":"plain","computed":true},"replication_enabled":{"type":"bool","description_kind":"plain","computed":true},"storage_tier":{"type":"string","description_kind":"plain","optional":true,"computed":true},"time_created":{"type":"string","description_kind":"plain","computed":true},"versioning":{"type":"string","description_kind":"plain","optional":true,"computed":true}},"block_types":{"retention_rules":{"nesting_mode":"set","block":{"attributes":{"display_name":{"type":"string","description_kind":"plain","required":true},"retention_rule_id":{"type":"string","description_kind":"plain","computed":true},"time_created":{"type":"string","description_kind":"plain","computed":true},"time_modified":{"type":"string","description_kind":"plain","computed":true},"time_rule_locked":{"type":"string","description_kind":"plain","optional":true}},"block_types":{"duration":{"nesting_mode":"list","block":{"attributes":{"time_amount":{"type":"string","description_kind":"plain","required":true},"time_unit":{"type":"string","description_kind":"plain","required":true}},"description_kind":"plain"},"max_items":1}},"description_kind":"plain"}},"timeouts":{"nesting_mode":"single","block":{"attributes":{"create":{"type":"string","description_kind":"plain","optional":true},"delete":{"type":"string","description_kind":"plain","optional":true},"update":{"type":"string","description_kind":"plain","optional":true}},"description_kind":"plain"}}},"description_kind":"plain"}},"oci_objectstorage_namespace_metadata":{"version":0,"block":{"attributes":{"default_s3compartment_id":{"type":"string","description_kind":"plain","optional":true,"computed":true},"default_swift_compartment_id":{"type":"string","description_kind":"plain","optional":true,"computed":true},"id":{"type":"string","description_kind":"plain","optional":true,"computed":true},"namespace":{"type":"string","description_kind":"plain","required":true}},"block_types":{"timeouts":{"nesting_mode":"single","block":{"attributes":{"create":{"type":"string","description_kind":"plain","optional":true},"delete":{"type":"string","description_kind":"plain","optional":true},"update":{"type":"string","description_kind":"plain","optional":true}},"description_kind":"plain"}}},"description_kind":"plain"}},"oci_objectstorage_object":{"version":0,"block":{"attributes":{"bucket":{"type":"string","description_kind":"plain","required":true},"cache_control":{"type":"string","description_kind":"plain","optional":true},"content":{"type":"string","description_kind":"plain","optional":true},"content_disposition":{"type":"string","description_kind":"plain","optional":true},"content_encoding":{"type":"string","description_kind":"plain","optional":true},"content_language":{"type":"string","description_kind":"plain","optional":true},"content_length":{"type":"string","description_kind":"plain","computed":true},"content_md5":{"type":"string","description_kind":"plain","optional":true,"computed":true},"content_type":{"type":"string","description_kind":"plain","optional":true,"computed":true},"delete_all_object_versions":{"type":"bool","description_kind":"plain","optional":true},"id":{"type":"string","description_kind":"plain","optional":true,"computed":true},"metadata":{"type":["map","string"],"description_kind":"plain","optional":true},"namespace":{"type":"string","description_kind":"plain","required":true},"object":{"type":"string","description_kind":"plain","required":true},"source":{"type":"string","description_kind":"plain","optional":true},"state":{"type":"string","description_kind":"plain","computed":true},"version_id":{"type":"string","description_kind":"plain","computed":true},"work_request_id":{"type":"string","description_kind":"plain","computed":true}},"block_types":{"source_uri_details":{"nesting_mode":"list","block":{"attributes":{"bucket":{"type":"string","description_kind":"plain","required":true},"destination_object_if_match_etag":{"type":"string","description_kind":"plain","optional":true},"destination_object_if_none_match_etag":{"type":"string","description_kind":"plain","optional":true},"namespace":{"type":"string","description_kind":"plain","required":true},"object":{"type":"string","description_kind":"plain","required":true},"region":{"type":"string","description_kind":"plain","required":true},"source_object_if_match_etag":{"type":"string","description_kind":"plain","optional":true},"source_version_id":{"type":"string","description_kind":"plain","optional":true}},"description_kind":"plain"},"max_items":1},"timeouts":{"nesting_mode":"single","block":{"attributes":{"create":{"type":"string","description_kind":"plain","optional":true},"delete":{"type":"string","description_kind":"plain","optional":true},"update":{"type":"string","description_kind":"plain","optional":true}},"description_kind":"plain"}}},"description_kind":"plain"}},"oci_objectstorage_object_lifecycle_policy":{"version":0,"block":{"attributes":{"bucket":{"type":"string","description_kind":"plain","required":true},"id":{"type":"string","description_kind":"plain","optional":true,"computed":true},"namespace":{"type":"string","description_kind":"plain","required":true},"time_created":{"type":"string","description_kind":"plain","computed":true}},"block_types":{"rules":{"nesting_mode":"set","block":{"attributes":{"action":{"type":"string","description_kind":"plain","required":true},"is_enabled":{"type":"bool","description_kind":"plain","required":true},"name":{"type":"string","description_kind":"plain","required":true},"target":{"type":"string","description_kind":"plain","optional":true},"time_amount":{"type":"string","description_kind":"plain","required":true},"time_unit":{"type":"string","description_kind":"plain","required":true}},"block_types":{"object_name_filter":{"nesting_mode":"list","block":{"attributes":{"exclusion_patterns":{"type":["set","string"],"description_kind":"plain","optional":true,"computed":true},"inclusion_patterns":{"type":["set","string"],"description_kind":"plain","optional":true,"computed":true},"inclusion_prefixes":{"type":["set","string"],"description_kind":"plain","optional":true,"computed":true}},"description_kind":"plain"},"max_items":1}},"description_kind":"plain"}},"timeouts":{"nesting_mode":"single","block":{"attributes":{"create":{"type":"string","description_kind":"plain","optional":true},"delete":{"type":"string","description_kind":"plain","optional":true},"update":{"type":"string","description_kind":"plain","optional":true}},"description_kind":"plain"}}},"description_kind":"plain"}},"oci_objectstorage_preauthrequest":{"version":0,"block":{"attributes":{"access_type":{"type":"string","description_kind":"plain","required":true},"access_uri":{"type":"string","description_kind":"plain","computed":true},"bucket":{"type":"string","description_kind":"plain","required":true},"id":{"type":"string","description_kind":"plain","optional":true,"computed":true},"name":{"type":"string","description_kind":"plain","required":true},"namespace":{"type":"string","description_kind":"plain","required":true},"object":{"type":"string","description_kind":"plain","optional":true,"computed":true},"par_id":{"type":"string","description_kind":"plain","computed":true},"time_created":{"type":"string","description_kind":"plain","computed":true},"time_expires":{"type":"string","description_kind":"plain","required":true}},"block_types":{"timeouts":{"nesting_mode":"single","block":{"attributes":{"create":{"type":"string","description_kind":"plain","optional":true},"delete":{"type":"string","description_kind":"plain","optional":true},"update":{"type":"string","description_kind":"plain","optional":true}},"description_kind":"plain"}}},"description_kind":"plain"}},"oci_objectstorage_replication_policy":{"version":0,"block":{"attributes":{"bucket":{"type":"string","description_kind":"plain","required":true},"delete_object_in_destination_bucket":{"type":"string","description_kind":"plain","optional":true},"destination_bucket_name":{"type":"string","description_kind":"plain","required":true},"destination_region_name":{"type":"string","description_kind":"plain","required":true},"id":{"type":"string","description_kind":"plain","optional":true,"computed":true},"name":{"type":"string","description_kind":"plain","required":true},"namespace":{"type":"string","description_kind":"plain","required":true},"status":{"type":"string","description_kind":"plain","computed":true},"status_message":{"type":"string","description_kind":"plain","computed":true},"time_created":{"type":"string","description_kind":"plain","computed":true},"time_last_sync":{"type":"string","description_kind":"plain","computed":true}},"block_types":{"timeouts":{"nesting_mode":"single","block":{"attributes":{"create":{"type":"string","description_kind":"plain","optional":true},"delete":{"type":"string","description_kind":"plain","optional":true},"update":{"type":"string","description_kind":"plain","optional":true}},"description_kind":"plain"}}},"description_kind":"plain"}},"oci_oce_oce_instance":{"version":0,"block":{"attributes":{"admin_email":{"type":"string","description_kind":"plain","required":true},"compartment_id":{"type":"string","description_kind":"plain","required":true},"defined_tags":{"type":["map","string"],"description_kind":"plain","optional":true,"computed":true},"description":{"type":"string","description_kind":"plain","optional":true,"computed":true},"freeform_tags":{"type":["map","string"],"description_kind":"plain","optional":true,"computed":true},"guid":{"type":"string","description_kind":"plain","computed":true},"id":{"type":"string","description_kind":"plain","optional":true,"computed":true},"idcs_access_token":{"type":"string","description_kind":"plain","required":true,"sensitive":true},"idcs_tenancy":{"type":"string","description_kind":"plain","computed":true},"instance_access_type":{"type":"string","description_kind":"plain","optional":true,"computed":true},"instance_license_type":{"type":"string","description_kind":"plain","optional":true,"computed":true},"instance_usage_type":{"type":"string","description_kind":"plain","optional":true,"computed":true},"name":{"type":"string","description_kind":"plain","required":true},"object_storage_namespace":{"type":"string","description_kind":"plain","required":true},"service":{"type":["map","string"],"description_kind":"plain","computed":true},"state":{"type":"string","description_kind":"plain","computed":true},"state_message":{"type":"string","description_kind":"plain","computed":true},"tenancy_id":{"type":"string","description_kind":"plain","required":true},"tenancy_name":{"type":"string","description_kind":"plain","required":true},"time_created":{"type":"string","description_kind":"plain","computed":true},"time_updated":{"type":"string","description_kind":"plain","computed":true},"upgrade_schedule":{"type":"string","description_kind":"plain","optional":true,"computed":true},"waf_primary_domain":{"type":"string","description_kind":"plain","optional":true,"computed":true}},"block_types":{"timeouts":{"nesting_mode":"single","block":{"attributes":{"create":{"type":"string","description_kind":"plain","optional":true},"delete":{"type":"string","description_kind":"plain","optional":true},"update":{"type":"string","description_kind":"plain","optional":true}},"description_kind":"plain"}}},"description_kind":"plain"}},"oci_ocvp_esxi_host":{"version":0,"block":{"attributes":{"compartment_id":{"type":"string","description_kind":"plain","computed":true},"compute_instance_id":{"type":"string","description_kind":"plain","computed":true},"defined_tags":{"type":["map","string"],"description_kind":"plain","optional":true,"computed":true},"display_name":{"type":"string","description_kind":"plain","optional":true,"computed":true},"freeform_tags":{"type":["map","string"],"description_kind":"plain","optional":true,"computed":true},"id":{"type":"string","description_kind":"plain","optional":true,"computed":true},"sddc_id":{"type":"string","description_kind":"plain","required":true},"state":{"type":"string","description_kind":"plain","computed":true},"time_created":{"type":"string","description_kind":"plain","computed":true},"time_updated":{"type":"string","description_kind":"plain","computed":true}},"block_types":{"timeouts":{"nesting_mode":"single","block":{"attributes":{"create":{"type":"string","description_kind":"plain","optional":true}},"description_kind":"plain"}}},"description_kind":"plain"}},"oci_ocvp_sddc":{"version":0,"block":{"attributes":{"actual_esxi_hosts_count":{"type":"number","description_kind":"plain","computed":true},"compartment_id":{"type":"string","description_kind":"plain","required":true},"compute_availability_domain":{"type":"string","description_kind":"plain","required":true},"defined_tags":{"type":["map","string"],"description_kind":"plain","optional":true,"computed":true},"display_name":{"type":"string","description_kind":"plain","optional":true,"computed":true},"esxi_hosts_count":{"type":"number","description_kind":"plain","required":true},"freeform_tags":{"type":["map","string"],"description_kind":"plain","optional":true,"computed":true},"id":{"type":"string","description_kind":"plain","optional":true,"computed":true},"instance_display_name_prefix":{"type":"string","description_kind":"plain","optional":true,"computed":true},"nsx_edge_uplink1vlan_id":{"type":"string","description_kind":"plain","required":true},"nsx_edge_uplink2vlan_id":{"type":"string","description_kind":"plain","required":true},"nsx_edge_uplink_ip_id":{"type":"string","description_kind":"plain","computed":true},"nsx_edge_vtep_vlan_id":{"type":"string","description_kind":"plain","required":true},"nsx_manager_fqdn":{"type":"string","description_kind":"plain","computed":true},"nsx_manager_initial_password":{"type":"string","description_kind":"plain","computed":true},"nsx_manager_private_ip_id":{"type":"string","description_kind":"plain","computed":true},"nsx_manager_username":{"type":"string","description_kind":"plain","computed":true},"nsx_overlay_segment_name":{"type":"string","description_kind":"plain","computed":true},"nsx_vtep_vlan_id":{"type":"string","description_kind":"plain","required":true},"provisioning_subnet_id":{"type":"string","description_kind":"plain","required":true},"ssh_authorized_keys":{"type":"string","description_kind":"plain","required":true},"state":{"type":"string","description_kind":"plain","computed":true},"time_created":{"type":"string","description_kind":"plain","computed":true},"time_updated":{"type":"string","description_kind":"plain","computed":true},"vcenter_fqdn":{"type":"string","description_kind":"plain","computed":true},"vcenter_initial_password":{"type":"string","description_kind":"plain","computed":true},"vcenter_private_ip_id":{"type":"string","description_kind":"plain","computed":true},"vcenter_username":{"type":"string","description_kind":"plain","computed":true},"vmotion_vlan_id":{"type":"string","description_kind":"plain","required":true},"vmware_software_version":{"type":"string","description_kind":"plain","required":true},"vsan_vlan_id":{"type":"string","description_kind":"plain","required":true},"vsphere_vlan_id":{"type":"string","description_kind":"plain","required":true},"workload_network_cidr":{"type":"string","description_kind":"plain","optional":true,"computed":true}},"block_types":{"timeouts":{"nesting_mode":"single","block":{"attributes":{"create":{"type":"string","description_kind":"plain","optional":true}},"description_kind":"plain"}}},"description_kind":"plain"}},"oci_oda_oda_instance":{"version":0,"block":{"attributes":{"compartment_id":{"type":"string","description_kind":"plain","required":true},"connector_url":{"type":"string","description_kind":"plain","computed":true},"defined_tags":{"type":["map","string"],"description_kind":"plain","optional":true,"computed":true},"description":{"type":"string","description_kind":"plain","optional":true},"display_name":{"type":"string","description_kind":"plain","optional":true,"computed":true},"freeform_tags":{"type":["map","string"],"description_kind":"plain","optional":true,"computed":true},"id":{"type":"string","description_kind":"plain","optional":true,"computed":true},"lifecycle_sub_state":{"type":"string","description_kind":"plain","computed":true},"shape_name":{"type":"string","description_kind":"plain","required":true},"state":{"type":"string","description_kind":"plain","optional":true,"computed":true},"state_message":{"type":"string","description_kind":"plain","computed":true},"time_created":{"type":"string","description_kind":"plain","computed":true},"time_updated":{"type":"string","description_kind":"plain","computed":true},"web_app_url":{"type":"string","description_kind":"plain","computed":true}},"block_types":{"timeouts":{"nesting_mode":"single","block":{"attributes":{"create":{"type":"string","description_kind":"plain","optional":true},"delete":{"type":"string","description_kind":"plain","optional":true},"update":{"type":"string","description_kind":"plain","optional":true}},"description_kind":"plain"}}},"description_kind":"plain"}},"oci_ons_notification_topic":{"version":0,"block":{"attributes":{"api_endpoint":{"type":"string","description_kind":"plain","computed":true},"compartment_id":{"type":"string","description_kind":"plain","required":true},"defined_tags":{"type":["map","string"],"description_kind":"plain","optional":true,"computed":true},"description":{"type":"string","description_kind":"plain","optional":true,"computed":true},"etag":{"type":"string","description_kind":"plain","computed":true},"freeform_tags":{"type":["map","string"],"description_kind":"plain","optional":true,"computed":true},"id":{"type":"string","description_kind":"plain","optional":true,"computed":true},"name":{"type":"string","description_kind":"plain","required":true},"state":{"type":"string","description_kind":"plain","computed":true},"time_created":{"type":"string","description_kind":"plain","computed":true},"topic_id":{"type":"string","description_kind":"plain","computed":true}},"block_types":{"timeouts":{"nesting_mode":"single","block":{"attributes":{"create":{"type":"string","description_kind":"plain","optional":true},"delete":{"type":"string","description_kind":"plain","optional":true},"update":{"type":"string","description_kind":"plain","optional":true}},"description_kind":"plain"}}},"description_kind":"plain"}},"oci_ons_subscription":{"version":0,"block":{"attributes":{"compartment_id":{"type":"string","description_kind":"plain","required":true},"created_time":{"type":"string","description_kind":"plain","computed":true},"defined_tags":{"type":["map","string"],"description_kind":"plain","optional":true,"computed":true},"delivery_policy":{"type":"string","description_kind":"plain","optional":true,"computed":true},"endpoint":{"type":"string","description_kind":"plain","required":true},"etag":{"type":"string","description_kind":"plain","computed":true},"freeform_tags":{"type":["map","string"],"description_kind":"plain","optional":true,"computed":true},"id":{"type":"string","description_kind":"plain","optional":true,"computed":true},"protocol":{"type":"string","description_kind":"plain","required":true},"state":{"type":"string","description_kind":"plain","computed":true},"topic_id":{"type":"string","description_kind":"plain","required":true}},"block_types":{"timeouts":{"nesting_mode":"single","block":{"attributes":{"create":{"type":"string","description_kind":"plain","optional":true},"delete":{"type":"string","description_kind":"plain","optional":true},"update":{"type":"string","description_kind":"plain","optional":true}},"description_kind":"plain"}}},"description_kind":"plain"}},"oci_osmanagement_managed_instance_group":{"version":0,"block":{"attributes":{"compartment_id":{"type":"string","description_kind":"plain","required":true},"defined_tags":{"type":["map","string"],"description_kind":"plain","optional":true,"computed":true},"description":{"type":"string","description_kind":"plain","optional":true,"computed":true},"display_name":{"type":"string","description_kind":"plain","required":true},"freeform_tags":{"type":["map","string"],"description_kind":"plain","optional":true,"computed":true},"id":{"type":"string","description_kind":"plain","optional":true,"computed":true},"managed_instance_count":{"type":"number","description_kind":"plain","computed":true},"managed_instances":{"type":["list",["object",{"display_name":"string","id":"string"}]],"description_kind":"plain","computed":true},"os_family":{"type":"string","description_kind":"plain","optional":true,"computed":true},"state":{"type":"string","description_kind":"plain","computed":true}},"block_types":{"timeouts":{"nesting_mode":"single","block":{"attributes":{"create":{"type":"string","description_kind":"plain","optional":true},"delete":{"type":"string","description_kind":"plain","optional":true},"update":{"type":"string","description_kind":"plain","optional":true}},"description_kind":"plain"}}},"description_kind":"plain"}},"oci_osmanagement_managed_instance_management":{"version":0,"block":{"attributes":{"compartment_id":{"type":"string","description_kind":"plain","computed":true},"description":{"type":"string","description_kind":"plain","computed":true},"display_name":{"type":"string","description_kind":"plain","computed":true},"id":{"type":"string","description_kind":"plain","optional":true,"computed":true},"last_boot":{"type":"string","description_kind":"plain","computed":true},"last_checkin":{"type":"string","description_kind":"plain","computed":true},"managed_instance_id":{"type":"string","description_kind":"plain","required":true},"os_kernel_version":{"type":"string","description_kind":"plain","computed":true},"os_name":{"type":"string","description_kind":"plain","computed":true},"os_version":{"type":"string","description_kind":"plain","computed":true},"status":{"type":"string","description_kind":"plain","computed":true},"updates_available":{"type":"number","description_kind":"plain","computed":true}},"block_types":{"child_software_sources":{"nesting_mode":"set","block":{"attributes":{"id":{"type":"string","description_kind":"plain","optional":true,"computed":true},"name":{"type":"string","description_kind":"plain","optional":true,"computed":true}},"description_kind":"plain"}},"managed_instance_groups":{"nesting_mode":"set","block":{"attributes":{"display_name":{"type":"string","description_kind":"plain","optional":true,"computed":true},"id":{"type":"string","description_kind":"plain","optional":true,"computed":true}},"description_kind":"plain"}},"parent_software_source":{"nesting_mode":"set","block":{"attributes":{"id":{"type":"string","description_kind":"plain","optional":true,"computed":true},"name":{"type":"string","description_kind":"plain","optional":true,"computed":true}},"description_kind":"plain"},"max_items":1},"timeouts":{"nesting_mode":"single","block":{"attributes":{"create":{"type":"string","description_kind":"plain","optional":true},"delete":{"type":"string","description_kind":"plain","optional":true},"update":{"type":"string","description_kind":"plain","optional":true}},"description_kind":"plain"}}},"description_kind":"plain"}},"oci_osmanagement_software_source":{"version":0,"block":{"attributes":{"arch_type":{"type":"string","description_kind":"plain","required":true},"associated_managed_instances":{"type":["list",["object",{"display_name":"string","id":"string"}]],"description_kind":"plain","computed":true},"checksum_type":{"type":"string","description_kind":"plain","optional":true,"computed":true},"compartment_id":{"type":"string","description_kind":"plain","required":true},"defined_tags":{"type":["map","string"],"description_kind":"plain","optional":true,"computed":true},"description":{"type":"string","description_kind":"plain","optional":true,"computed":true},"display_name":{"type":"string","description_kind":"plain","required":true},"freeform_tags":{"type":["map","string"],"description_kind":"plain","optional":true,"computed":true},"gpg_key_fingerprint":{"type":"string","description_kind":"plain","computed":true},"gpg_key_id":{"type":"string","description_kind":"plain","computed":true},"gpg_key_url":{"type":"string","description_kind":"plain","computed":true},"id":{"type":"string","description_kind":"plain","optional":true,"computed":true},"maintainer_email":{"type":"string","description_kind":"plain","optional":true,"computed":true},"maintainer_name":{"type":"string","description_kind":"plain","optional":true,"computed":true},"maintainer_phone":{"type":"string","description_kind":"plain","optional":true,"computed":true},"packages":{"type":"number","description_kind":"plain","computed":true},"parent_id":{"type":"string","description_kind":"plain","optional":true,"computed":true},"parent_name":{"type":"string","description_kind":"plain","computed":true},"repo_type":{"type":"string","description_kind":"plain","computed":true},"state":{"type":"string","description_kind":"plain","computed":true},"status":{"type":"string","description_kind":"plain","computed":true},"url":{"type":"string","description_kind":"plain","computed":true}},"block_types":{"timeouts":{"nesting_mode":"single","block":{"attributes":{"create":{"type":"string","description_kind":"plain","optional":true},"delete":{"type":"string","description_kind":"plain","optional":true},"update":{"type":"string","description_kind":"plain","optional":true}},"description_kind":"plain"}}},"description_kind":"plain"}},"oci_sch_service_connector":{"version":0,"block":{"attributes":{"compartment_id":{"type":"string","description_kind":"plain","required":true},"defined_tags":{"type":["map","string"],"description_kind":"plain","optional":true,"computed":true},"description":{"type":"string","description_kind":"plain","optional":true,"computed":true},"display_name":{"type":"string","description_kind":"plain","required":true},"freeform_tags":{"type":["map","string"],"description_kind":"plain","optional":true,"computed":true},"id":{"type":"string","description_kind":"plain","optional":true,"computed":true},"lifecyle_details":{"type":"string","description_kind":"plain","computed":true},"state":{"type":"string","description_kind":"plain","optional":true,"computed":true},"system_tags":{"type":["map","string"],"description_kind":"plain","computed":true},"time_created":{"type":"string","description_kind":"plain","computed":true},"time_updated":{"type":"string","description_kind":"plain","computed":true}},"block_types":{"source":{"nesting_mode":"list","block":{"attributes":{"kind":{"type":"string","description_kind":"plain","required":true}},"block_types":{"log_sources":{"nesting_mode":"list","block":{"attributes":{"compartment_id":{"type":"string","description_kind":"plain","required":true},"log_group_id":{"type":"string","description_kind":"plain","optional":true,"computed":true},"log_id":{"type":"string","description_kind":"plain","optional":true,"computed":true}},"description_kind":"plain"},"min_items":1}},"description_kind":"plain"},"min_items":1,"max_items":1},"target":{"nesting_mode":"list","block":{"attributes":{"bucket":{"type":"string","description_kind":"plain","optional":true,"computed":true},"compartment_id":{"type":"string","description_kind":"plain","optional":true,"computed":true},"function_id":{"type":"string","description_kind":"plain","optional":true,"computed":true},"kind":{"type":"string","description_kind":"plain","required":true},"metric":{"type":"string","description_kind":"plain","optional":true,"computed":true},"metric_namespace":{"type":"string","description_kind":"plain","optional":true,"computed":true},"namespace":{"type":"string","description_kind":"plain","optional":true,"computed":true},"object_name_prefix":{"type":"string","description_kind":"plain","optional":true,"computed":true},"stream_id":{"type":"string","description_kind":"plain","optional":true,"computed":true},"topic_id":{"type":"string","description_kind":"plain","optional":true,"computed":true}},"description_kind":"plain"},"min_items":1,"max_items":1},"tasks":{"nesting_mode":"list","block":{"attributes":{"condition":{"type":"string","description_kind":"plain","required":true},"kind":{"type":"string","description_kind":"plain","required":true}},"description_kind":"plain"}},"timeouts":{"nesting_mode":"single","block":{"attributes":{"create":{"type":"string","description_kind":"plain","optional":true},"delete":{"type":"string","description_kind":"plain","optional":true},"update":{"type":"string","description_kind":"plain","optional":true}},"description_kind":"plain"}}},"description_kind":"plain"}},"oci_streaming_connect_harness":{"version":0,"block":{"attributes":{"compartment_id":{"type":"string","description_kind":"plain","required":true},"defined_tags":{"type":["map","string"],"description_kind":"plain","optional":true,"computed":true},"freeform_tags":{"type":["map","string"],"description_kind":"plain","optional":true,"computed":true},"id":{"type":"string","description_kind":"plain","optional":true,"computed":true},"lifecycle_state_details":{"type":"string","description_kind":"plain","computed":true},"name":{"type":"string","description_kind":"plain","required":true},"state":{"type":"string","description_kind":"plain","computed":true},"time_created":{"type":"string","description_kind":"plain","computed":true}},"block_types":{"timeouts":{"nesting_mode":"single","block":{"attributes":{"create":{"type":"string","description_kind":"plain","optional":true},"delete":{"type":"string","description_kind":"plain","optional":true},"update":{"type":"string","description_kind":"plain","optional":true}},"description_kind":"plain"}}},"description_kind":"plain"}},"oci_streaming_stream":{"version":0,"block":{"attributes":{"compartment_id":{"type":"string","description_kind":"plain","optional":true,"computed":true},"defined_tags":{"type":["map","string"],"description_kind":"plain","optional":true,"computed":true},"freeform_tags":{"type":["map","string"],"description_kind":"plain","optional":true,"computed":true},"id":{"type":"string","description_kind":"plain","optional":true,"computed":true},"lifecycle_state_details":{"type":"string","description_kind":"plain","computed":true},"messages_endpoint":{"type":"string","description_kind":"plain","computed":true},"name":{"type":"string","description_kind":"plain","required":true},"partitions":{"type":"number","description_kind":"plain","required":true},"retention_in_hours":{"type":"number","description_kind":"plain","optional":true,"computed":true},"state":{"type":"string","description_kind":"plain","computed":true},"stream_pool_id":{"type":"string","description_kind":"plain","optional":true,"computed":true},"time_created":{"type":"string","description_kind":"plain","computed":true}},"block_types":{"timeouts":{"nesting_mode":"single","block":{"attributes":{"create":{"type":"string","description_kind":"plain","optional":true},"delete":{"type":"string","description_kind":"plain","optional":true},"update":{"type":"string","description_kind":"plain","optional":true}},"description_kind":"plain"}}},"description_kind":"plain"}},"oci_streaming_stream_pool":{"version":0,"block":{"attributes":{"compartment_id":{"type":"string","description_kind":"plain","required":true},"defined_tags":{"type":["map","string"],"description_kind":"plain","optional":true,"computed":true},"endpoint_fqdn":{"type":"string","description_kind":"plain","computed":true},"freeform_tags":{"type":["map","string"],"description_kind":"plain","optional":true,"computed":true},"id":{"type":"string","description_kind":"plain","optional":true,"computed":true},"is_private":{"type":"bool","description_kind":"plain","computed":true},"lifecycle_state_details":{"type":"string","description_kind":"plain","computed":true},"name":{"type":"string","description_kind":"plain","required":true},"state":{"type":"string","description_kind":"plain","computed":true},"time_created":{"type":"string","description_kind":"plain","computed":true}},"block_types":{"custom_encryption_key":{"nesting_mode":"list","block":{"attributes":{"key_state":{"type":"string","description_kind":"plain","computed":true},"kms_key_id":{"type":"string","description_kind":"plain","required":true}},"description_kind":"plain"},"max_items":1},"kafka_settings":{"nesting_mode":"list","block":{"attributes":{"auto_create_topics_enable":{"type":"bool","description_kind":"plain","optional":true,"computed":true},"bootstrap_servers":{"type":"string","description_kind":"plain","computed":true},"log_retention_hours":{"type":"number","description_kind":"plain","optional":true,"computed":true},"num_partitions":{"type":"number","description_kind":"plain","optional":true,"computed":true}},"description_kind":"plain"},"max_items":1},"private_endpoint_settings":{"nesting_mode":"list","block":{"attributes":{"nsg_ids":{"type":["set","string"],"description_kind":"plain","optional":true,"computed":true},"private_endpoint_ip":{"type":"string","description_kind":"plain","optional":true,"computed":true},"subnet_id":{"type":"string","description_kind":"plain","optional":true,"computed":true}},"description_kind":"plain"},"max_items":1},"timeouts":{"nesting_mode":"single","block":{"attributes":{"create":{"type":"string","description_kind":"plain","optional":true},"delete":{"type":"string","description_kind":"plain","optional":true},"update":{"type":"string","description_kind":"plain","optional":true}},"description_kind":"plain"}}},"description_kind":"plain"}},"oci_waas_address_list":{"version":0,"block":{"attributes":{"address_count":{"type":"number","description_kind":"plain","computed":true},"addresses":{"type":["list","string"],"description_kind":"plain","required":true},"compartment_id":{"type":"string","description_kind":"plain","required":true},"defined_tags":{"type":["map","string"],"description_kind":"plain","optional":true,"computed":true},"display_name":{"type":"string","description_kind":"plain","required":true},"freeform_tags":{"type":["map","string"],"description_kind":"plain","optional":true,"computed":true},"id":{"type":"string","description_kind":"plain","optional":true,"computed":true},"state":{"type":"string","description_kind":"plain","computed":true},"time_created":{"type":"string","description_kind":"plain","computed":true}},"block_types":{"timeouts":{"nesting_mode":"single","block":{"attributes":{"create":{"type":"string","description_kind":"plain","optional":true},"delete":{"type":"string","description_kind":"plain","optional":true},"update":{"type":"string","description_kind":"plain","optional":true}},"description_kind":"plain"}}},"description_kind":"plain"}},"oci_waas_certificate":{"version":0,"block":{"attributes":{"certificate_data":{"type":"string","description_kind":"plain","required":true},"compartment_id":{"type":"string","description_kind":"plain","required":true},"defined_tags":{"type":["map","string"],"description_kind":"plain","optional":true,"computed":true},"display_name":{"type":"string","description_kind":"plain","optional":true,"computed":true},"extensions":{"type":["list",["object",{"is_critical":"bool","name":"string","value":"string"}]],"description_kind":"plain","computed":true},"freeform_tags":{"type":["map","string"],"description_kind":"plain","optional":true,"computed":true},"id":{"type":"string","description_kind":"plain","optional":true,"computed":true},"is_trust_verification_disabled":{"type":"bool","description_kind":"plain","optional":true,"computed":true},"issued_by":{"type":"string","description_kind":"plain","computed":true},"issuer_name":{"type":["list",["object",{"common_name":"string","country":"string","email_address":"string","locality":"string","organization":"string","organizational_unit":"string","state_province":"string"}]],"description_kind":"plain","computed":true},"private_key_data":{"type":"string","description_kind":"plain","required":true,"sensitive":true},"public_key_info":{"type":["list",["object",{"algorithm":"string","exponent":"number","key_size":"number"}]],"description_kind":"plain","computed":true},"serial_number":{"type":"string","description_kind":"plain","computed":true},"signature_algorithm":{"type":"string","description_kind":"plain","computed":true},"state":{"type":"string","description_kind":"plain","computed":true},"subject_name":{"type":["list",["object",{"common_name":"string","country":"string","email_address":"string","locality":"string","organization":"string","organizational_unit":"string","state_province":"string"}]],"description_kind":"plain","computed":true},"time_created":{"type":"string","description_kind":"plain","computed":true},"time_not_valid_after":{"type":"string","description_kind":"plain","computed":true},"time_not_valid_before":{"type":"string","description_kind":"plain","computed":true},"version":{"type":"number","description_kind":"plain","computed":true}},"block_types":{"timeouts":{"nesting_mode":"single","block":{"attributes":{"create":{"type":"string","description_kind":"plain","optional":true},"delete":{"type":"string","description_kind":"plain","optional":true},"update":{"type":"string","description_kind":"plain","optional":true}},"description_kind":"plain"}}},"description_kind":"plain"}},"oci_waas_custom_protection_rule":{"version":0,"block":{"attributes":{"compartment_id":{"type":"string","description_kind":"plain","required":true},"defined_tags":{"type":["map","string"],"description_kind":"plain","optional":true,"computed":true},"description":{"type":"string","description_kind":"plain","optional":true,"computed":true},"display_name":{"type":"string","description_kind":"plain","required":true},"freeform_tags":{"type":["map","string"],"description_kind":"plain","optional":true,"computed":true},"id":{"type":"string","description_kind":"plain","optional":true,"computed":true},"mod_security_rule_ids":{"type":["list","string"],"description_kind":"plain","computed":true},"state":{"type":"string","description_kind":"plain","computed":true},"template":{"type":"string","description_kind":"plain","required":true},"time_created":{"type":"string","description_kind":"plain","computed":true}},"block_types":{"timeouts":{"nesting_mode":"single","block":{"attributes":{"create":{"type":"string","description_kind":"plain","optional":true},"delete":{"type":"string","description_kind":"plain","optional":true},"update":{"type":"string","description_kind":"plain","optional":true}},"description_kind":"plain"}}},"description_kind":"plain"}},"oci_waas_http_redirect":{"version":0,"block":{"attributes":{"compartment_id":{"type":"string","description_kind":"plain","required":true},"defined_tags":{"type":["map","string"],"description_kind":"plain","optional":true,"computed":true},"display_name":{"type":"string","description_kind":"plain","optional":true,"computed":true},"domain":{"type":"string","description_kind":"plain","required":true},"freeform_tags":{"type":["map","string"],"description_kind":"plain","optional":true,"computed":true},"id":{"type":"string","description_kind":"plain","optional":true,"computed":true},"response_code":{"type":"number","description_kind":"plain","optional":true,"computed":true},"state":{"type":"string","description_kind":"plain","computed":true},"time_created":{"type":"string","description_kind":"plain","computed":true}},"block_types":{"target":{"nesting_mode":"list","block":{"attributes":{"host":{"type":"string","description_kind":"plain","required":true},"path":{"type":"string","description_kind":"plain","required":true},"port":{"type":"number","description_kind":"plain","optional":true,"computed":true},"protocol":{"type":"string","description_kind":"plain","required":true},"query":{"type":"string","description_kind":"plain","required":true}},"description_kind":"plain"},"min_items":1,"max_items":1},"timeouts":{"nesting_mode":"single","block":{"attributes":{"create":{"type":"string","description_kind":"plain","optional":true},"delete":{"type":"string","description_kind":"plain","optional":true},"update":{"type":"string","description_kind":"plain","optional":true}},"description_kind":"plain"}}},"description_kind":"plain"}},"oci_waas_protection_rule":{"version":0,"block":{"attributes":{"action":{"type":"string","description_kind":"plain","optional":true,"computed":true},"description":{"type":"string","description_kind":"plain","computed":true},"id":{"type":"string","description_kind":"plain","optional":true,"computed":true},"key":{"type":"string","description_kind":"plain","required":true},"labels":{"type":["list","string"],"description_kind":"plain","computed":true},"mod_security_rule_ids":{"type":["list","string"],"description_kind":"plain","computed":true},"name":{"type":"string","description_kind":"plain","computed":true},"waas_policy_id":{"type":"string","description_kind":"plain","required":true}},"block_types":{"exclusions":{"nesting_mode":"list","block":{"attributes":{"exclusions":{"type":["list","string"],"description_kind":"plain","optional":true,"computed":true},"target":{"type":"string","description_kind":"plain","optional":true,"computed":true}},"description_kind":"plain"}},"timeouts":{"nesting_mode":"single","block":{"attributes":{"create":{"type":"string","description_kind":"plain","optional":true},"delete":{"type":"string","description_kind":"plain","optional":true},"update":{"type":"string","description_kind":"plain","optional":true}},"description_kind":"plain"}}},"description_kind":"plain"}},"oci_waas_purge_cache":{"version":0,"block":{"attributes":{"id":{"type":"string","description_kind":"plain","optional":true,"computed":true},"resources":{"type":["list","string"],"description_kind":"plain","optional":true},"waas_policy_id":{"type":"string","description_kind":"plain","required":true}},"block_types":{"timeouts":{"nesting_mode":"single","block":{"attributes":{"create":{"type":"string","description_kind":"plain","optional":true},"delete":{"type":"string","description_kind":"plain","optional":true},"update":{"type":"string","description_kind":"plain","optional":true}},"description_kind":"plain"}}},"description_kind":"plain"}},"oci_waas_waas_policy":{"version":0,"block":{"attributes":{"additional_domains":{"type":["list","string"],"description_kind":"plain","optional":true,"computed":true},"cname":{"type":"string","description_kind":"plain","computed":true},"compartment_id":{"type":"string","description_kind":"plain","required":true},"defined_tags":{"type":["map","string"],"description_kind":"plain","optional":true,"computed":true},"display_name":{"type":"string","description_kind":"plain","optional":true,"computed":true},"domain":{"type":"string","description_kind":"plain","required":true},"freeform_tags":{"type":["map","string"],"description_kind":"plain","optional":true,"computed":true},"id":{"type":"string","description_kind":"plain","optional":true,"computed":true},"state":{"type":"string","description_kind":"plain","computed":true},"time_created":{"type":"string","description_kind":"plain","computed":true}},"block_types":{"origin_groups":{"nesting_mode":"set","block":{"attributes":{"label":{"type":"string","description_kind":"plain","required":true}},"block_types":{"origin_group":{"nesting_mode":"list","block":{"attributes":{"origin":{"type":"string","description_kind":"plain","required":true},"weight":{"type":"number","description_kind":"plain","optional":true}},"description_kind":"plain"},"min_items":1}},"description_kind":"plain"}},"origins":{"nesting_mode":"set","block":{"attributes":{"http_port":{"type":"number","description_kind":"plain","optional":true},"https_port":{"type":"number","description_kind":"plain","optional":true},"label":{"type":"string","description_kind":"plain","required":true},"uri":{"type":"string","description_kind":"plain","required":true}},"block_types":{"custom_headers":{"nesting_mode":"list","block":{"attributes":{"name":{"type":"string","description_kind":"plain","required":true},"value":{"type":"string","description_kind":"plain","required":true}},"description_kind":"plain"}}},"description_kind":"plain"}},"policy_config":{"nesting_mode":"list","block":{"attributes":{"certificate_id":{"type":"string","description_kind":"plain","optional":true,"computed":true},"cipher_group":{"type":"string","description_kind":"plain","optional":true,"computed":true},"client_address_header":{"type":"string","description_kind":"plain","optional":true},"is_behind_cdn":{"type":"bool","description_kind":"plain","optional":true,"computed":true},"is_cache_control_respected":{"type":"bool","description_kind":"plain","optional":true,"computed":true},"is_https_enabled":{"type":"bool","description_kind":"plain","optional":true,"computed":true},"is_https_forced":{"type":"bool","description_kind":"plain","optional":true,"computed":true},"is_origin_compression_enabled":{"type":"bool","description_kind":"plain","optional":true,"computed":true},"is_response_buffering_enabled":{"type":"bool","description_kind":"plain","optional":true,"computed":true},"is_sni_enabled":{"type":"bool","description_kind":"plain","optional":true,"computed":true},"tls_protocols":{"type":["list","string"],"description_kind":"plain","optional":true,"computed":true},"websocket_path_prefixes":{"type":["list","string"],"description_kind":"plain","optional":true,"computed":true}},"block_types":{"health_checks":{"nesting_mode":"list","block":{"attributes":{"expected_response_code_group":{"type":["list","string"],"description_kind":"plain","optional":true,"computed":true},"expected_response_text":{"type":"string","description_kind":"plain","optional":true,"computed":true},"headers":{"type":["map","string"],"description_kind":"plain","optional":true,"computed":true},"healthy_threshold":{"type":"number","description_kind":"plain","optional":true,"computed":true},"interval_in_seconds":{"type":"number","description_kind":"plain","optional":true,"computed":true},"is_enabled":{"type":"bool","description_kind":"plain","optional":true,"computed":true},"is_response_text_check_enabled":{"type":"bool","description_kind":"plain","optional":true,"computed":true},"method":{"type":"string","description_kind":"plain","optional":true,"computed":true},"path":{"type":"string","description_kind":"plain","optional":true,"computed":true},"timeout_in_seconds":{"type":"number","description_kind":"plain","optional":true,"computed":true},"unhealthy_threshold":{"type":"number","description_kind":"plain","optional":true,"computed":true}},"description_kind":"plain"},"max_items":1},"load_balancing_method":{"nesting_mode":"list","block":{"attributes":{"domain":{"type":"string","description_kind":"plain","optional":true,"computed":true},"expiration_time_in_seconds":{"type":"number","description_kind":"plain","optional":true,"computed":true},"method":{"type":"string","description_kind":"plain","required":true},"name":{"type":"string","description_kind":"plain","optional":true,"computed":true}},"description_kind":"plain"},"max_items":1}},"description_kind":"plain"},"max_items":1},"timeouts":{"nesting_mode":"single","block":{"attributes":{"create":{"type":"string","description_kind":"plain","optional":true},"delete":{"type":"string","description_kind":"plain","optional":true},"update":{"type":"string","description_kind":"plain","optional":true}},"description_kind":"plain"}},"waf_config":{"nesting_mode":"list","block":{"attributes":{"origin":{"type":"string","description_kind":"plain","optional":true,"computed":true},"origin_groups":{"type":["list","string"],"description_kind":"plain","optional":true,"computed":true}},"block_types":{"access_rules":{"nesting_mode":"list","block":{"attributes":{"action":{"type":"string","description_kind":"plain","required":true},"block_action":{"type":"string","description_kind":"plain","optional":true,"computed":true},"block_error_page_code":{"type":"string","description_kind":"plain","optional":true,"computed":true},"block_error_page_description":{"type":"string","description_kind":"plain","optional":true,"computed":true},"block_error_page_message":{"type":"string","description_kind":"plain","optional":true,"computed":true},"block_response_code":{"type":"number","description_kind":"plain","optional":true,"computed":true},"bypass_challenges":{"type":["list","string"],"description_kind":"plain","optional":true,"computed":true},"captcha_footer":{"type":"string","description_kind":"plain","optional":true,"computed":true},"captcha_header":{"type":"string","description_kind":"plain","optional":true,"computed":true},"captcha_submit_label":{"type":"string","description_kind":"plain","optional":true,"computed":true},"captcha_title":{"type":"string","description_kind":"plain","optional":true,"computed":true},"name":{"type":"string","description_kind":"plain","required":true},"redirect_response_code":{"type":"string","description_kind":"plain","optional":true,"computed":true},"redirect_url":{"type":"string","description_kind":"plain","optional":true,"computed":true}},"block_types":{"criteria":{"nesting_mode":"list","block":{"attributes":{"condition":{"type":"string","description_kind":"plain","required":true},"is_case_sensitive":{"type":"bool","description_kind":"plain","optional":true,"computed":true},"value":{"type":"string","description_kind":"plain","required":true}},"description_kind":"plain"},"min_items":1},"response_header_manipulation":{"nesting_mode":"list","block":{"attributes":{"action":{"type":"string","description_kind":"plain","required":true},"header":{"type":"string","description_kind":"plain","required":true},"value":{"type":"string","description_kind":"plain","optional":true,"computed":true}},"description_kind":"plain"}}},"description_kind":"plain"}},"address_rate_limiting":{"nesting_mode":"list","block":{"attributes":{"allowed_rate_per_address":{"type":"number","description_kind":"plain","optional":true,"computed":true},"block_response_code":{"type":"number","description_kind":"plain","optional":true,"computed":true},"is_enabled":{"type":"bool","description_kind":"plain","required":true},"max_delayed_count_per_address":{"type":"number","description_kind":"plain","optional":true,"computed":true}},"description_kind":"plain"},"max_items":1},"caching_rules":{"nesting_mode":"list","block":{"attributes":{"action":{"type":"string","description_kind":"plain","required":true},"caching_duration":{"type":"string","description_kind":"plain","optional":true},"client_caching_duration":{"type":"string","description_kind":"plain","optional":true},"is_client_caching_enabled":{"type":"bool","description_kind":"plain","optional":true,"computed":true},"key":{"type":"string","description_kind":"plain","optional":true,"computed":true},"name":{"type":"string","description_kind":"plain","required":true}},"block_types":{"criteria":{"nesting_mode":"list","block":{"attributes":{"condition":{"type":"string","description_kind":"plain","required":true},"value":{"type":"string","description_kind":"plain","required":true}},"description_kind":"plain"},"min_items":1}},"description_kind":"plain"}},"captchas":{"nesting_mode":"list","block":{"attributes":{"failure_message":{"type":"string","description_kind":"plain","required":true},"footer_text":{"type":"string","description_kind":"plain","optional":true,"computed":true},"header_text":{"type":"string","description_kind":"plain","optional":true,"computed":true},"session_expiration_in_seconds":{"type":"number","description_kind":"plain","required":true},"submit_label":{"type":"string","description_kind":"plain","required":true},"title":{"type":"string","description_kind":"plain","required":true},"url":{"type":"string","description_kind":"plain","required":true}},"description_kind":"plain"}},"custom_protection_rules":{"nesting_mode":"list","block":{"attributes":{"action":{"type":"string","description_kind":"plain","optional":true,"computed":true},"id":{"type":"string","description_kind":"plain","optional":true,"computed":true}},"block_types":{"exclusions":{"nesting_mode":"list","block":{"attributes":{"exclusions":{"type":["list","string"],"description_kind":"plain","optional":true,"computed":true},"target":{"type":"string","description_kind":"plain","optional":true,"computed":true}},"description_kind":"plain"}}},"description_kind":"plain"}},"device_fingerprint_challenge":{"nesting_mode":"list","block":{"attributes":{"action":{"type":"string","description_kind":"plain","optional":true,"computed":true},"action_expiration_in_seconds":{"type":"number","description_kind":"plain","optional":true,"computed":true},"failure_threshold":{"type":"number","description_kind":"plain","optional":true,"computed":true},"failure_threshold_expiration_in_seconds":{"type":"number","description_kind":"plain","optional":true,"computed":true},"is_enabled":{"type":"bool","description_kind":"plain","required":true},"max_address_count":{"type":"number","description_kind":"plain","optional":true,"computed":true},"max_address_count_expiration_in_seconds":{"type":"number","description_kind":"plain","optional":true,"computed":true}},"block_types":{"challenge_settings":{"nesting_mode":"list","block":{"attributes":{"block_action":{"type":"string","description_kind":"plain","optional":true,"computed":true},"block_error_page_code":{"type":"string","description_kind":"plain","optional":true,"computed":true},"block_error_page_description":{"type":"string","description_kind":"plain","optional":true,"computed":true},"block_error_page_message":{"type":"string","description_kind":"plain","optional":true,"computed":true},"block_response_code":{"type":"number","description_kind":"plain","optional":true,"computed":true},"captcha_footer":{"type":"string","description_kind":"plain","optional":true,"computed":true},"captcha_header":{"type":"string","description_kind":"plain","optional":true,"computed":true},"captcha_submit_label":{"type":"string","description_kind":"plain","optional":true,"computed":true},"captcha_title":{"type":"string","description_kind":"plain","optional":true,"computed":true}},"description_kind":"plain"},"max_items":1}},"description_kind":"plain"},"max_items":1},"human_interaction_challenge":{"nesting_mode":"list","block":{"attributes":{"action":{"type":"string","description_kind":"plain","optional":true,"computed":true},"action_expiration_in_seconds":{"type":"number","description_kind":"plain","optional":true,"computed":true},"failure_threshold":{"type":"number","description_kind":"plain","optional":true,"computed":true},"failure_threshold_expiration_in_seconds":{"type":"number","description_kind":"plain","optional":true,"computed":true},"interaction_threshold":{"type":"number","description_kind":"plain","optional":true,"computed":true},"is_enabled":{"type":"bool","description_kind":"plain","required":true},"is_nat_enabled":{"type":"bool","description_kind":"plain","optional":true,"computed":true},"recording_period_in_seconds":{"type":"number","description_kind":"plain","optional":true,"computed":true}},"block_types":{"challenge_settings":{"nesting_mode":"list","block":{"attributes":{"block_action":{"type":"string","description_kind":"plain","optional":true,"computed":true},"block_error_page_code":{"type":"string","description_kind":"plain","optional":true,"computed":true},"block_error_page_description":{"type":"string","description_kind":"plain","optional":true,"computed":true},"block_error_page_message":{"type":"string","description_kind":"plain","optional":true,"computed":true},"block_response_code":{"type":"number","description_kind":"plain","optional":true,"computed":true},"captcha_footer":{"type":"string","description_kind":"plain","optional":true,"computed":true},"captcha_header":{"type":"string","description_kind":"plain","optional":true,"computed":true},"captcha_submit_label":{"type":"string","description_kind":"plain","optional":true,"computed":true},"captcha_title":{"type":"string","description_kind":"plain","optional":true,"computed":true}},"description_kind":"plain"},"max_items":1},"set_http_header":{"nesting_mode":"list","block":{"attributes":{"name":{"type":"string","description_kind":"plain","required":true},"value":{"type":"string","description_kind":"plain","required":true}},"description_kind":"plain"},"max_items":1}},"description_kind":"plain"},"max_items":1},"js_challenge":{"nesting_mode":"list","block":{"attributes":{"action":{"type":"string","description_kind":"plain","optional":true,"computed":true},"action_expiration_in_seconds":{"type":"number","description_kind":"plain","optional":true,"computed":true},"are_redirects_challenged":{"type":"bool","description_kind":"plain","optional":true,"computed":true},"failure_threshold":{"type":"number","description_kind":"plain","optional":true,"computed":true},"is_enabled":{"type":"bool","description_kind":"plain","required":true},"is_nat_enabled":{"type":"bool","description_kind":"plain","optional":true,"computed":true}},"block_types":{"challenge_settings":{"nesting_mode":"list","block":{"attributes":{"block_action":{"type":"string","description_kind":"plain","optional":true,"computed":true},"block_error_page_code":{"type":"string","description_kind":"plain","optional":true,"computed":true},"block_error_page_description":{"type":"string","description_kind":"plain","optional":true,"computed":true},"block_error_page_message":{"type":"string","description_kind":"plain","optional":true,"computed":true},"block_response_code":{"type":"number","description_kind":"plain","optional":true,"computed":true},"captcha_footer":{"type":"string","description_kind":"plain","optional":true,"computed":true},"captcha_header":{"type":"string","description_kind":"plain","optional":true,"computed":true},"captcha_submit_label":{"type":"string","description_kind":"plain","optional":true,"computed":true},"captcha_title":{"type":"string","description_kind":"plain","optional":true,"computed":true}},"description_kind":"plain"},"max_items":1},"criteria":{"nesting_mode":"list","block":{"attributes":{"condition":{"type":"string","description_kind":"plain","required":true},"is_case_sensitive":{"type":"bool","description_kind":"plain","optional":true,"computed":true},"value":{"type":"string","description_kind":"plain","required":true}},"description_kind":"plain"}},"set_http_header":{"nesting_mode":"list","block":{"attributes":{"name":{"type":"string","description_kind":"plain","required":true},"value":{"type":"string","description_kind":"plain","required":true}},"description_kind":"plain"},"max_items":1}},"description_kind":"plain"},"max_items":1},"protection_settings":{"nesting_mode":"list","block":{"attributes":{"allowed_http_methods":{"type":["list","string"],"description_kind":"plain","optional":true,"computed":true},"block_action":{"type":"string","description_kind":"plain","optional":true,"computed":true},"block_error_page_code":{"type":"string","description_kind":"plain","optional":true,"computed":true},"block_error_page_description":{"type":"string","description_kind":"plain","optional":true,"computed":true},"block_error_page_message":{"type":"string","description_kind":"plain","optional":true,"computed":true},"block_response_code":{"type":"number","description_kind":"plain","optional":true,"computed":true},"is_response_inspected":{"type":"bool","description_kind":"plain","optional":true,"computed":true},"max_argument_count":{"type":"number","description_kind":"plain","optional":true,"computed":true},"max_name_length_per_argument":{"type":"number","description_kind":"plain","optional":true,"computed":true},"max_response_size_in_ki_b":{"type":"number","description_kind":"plain","optional":true,"computed":true},"max_total_name_length_of_arguments":{"type":"number","description_kind":"plain","optional":true,"computed":true},"media_types":{"type":["list","string"],"description_kind":"plain","optional":true,"computed":true},"recommendations_period_in_days":{"type":"number","description_kind":"plain","optional":true,"computed":true}},"description_kind":"plain"},"max_items":1},"whitelists":{"nesting_mode":"list","block":{"attributes":{"address_lists":{"type":["list","string"],"description_kind":"plain","optional":true,"computed":true},"addresses":{"type":["list","string"],"description_kind":"plain","optional":true,"computed":true},"name":{"type":"string","description_kind":"plain","required":true}},"description_kind":"plain"}}},"description_kind":"plain"},"max_items":1}},"description_kind":"plain"}}},"data_source_schemas":{"oci_analytics_analytics_instance":{"version":0,"block":{"attributes":{"analytics_instance_id":{"type":"string","description_kind":"plain","required":true},"capacity":{"type":["list",["object",{"capacity_type":"string","capacity_value":"number"}]],"description_kind":"plain","computed":true},"compartment_id":{"type":"string","description_kind":"plain","computed":true},"defined_tags":{"type":["map","string"],"description_kind":"plain","computed":true},"description":{"type":"string","description_kind":"plain","computed":true},"email_notification":{"type":"string","description_kind":"plain","computed":true},"feature_set":{"type":"string","description_kind":"plain","computed":true},"freeform_tags":{"type":["map","string"],"description_kind":"plain","computed":true},"id":{"type":"string","description_kind":"plain","computed":true},"idcs_access_token":{"type":"string","description_kind":"plain","computed":true,"sensitive":true},"license_type":{"type":"string","description_kind":"plain","computed":true},"name":{"type":"string","description_kind":"plain","computed":true},"network_endpoint_details":{"type":["list",["object",{"network_endpoint_type":"string","subnet_id":"string","vcn_id":"string","whitelisted_ips":["list","string"],"whitelisted_vcns":["list",["object",{"id":"string","whitelisted_ips":["list","string"]}]]}]],"description_kind":"plain","computed":true},"service_url":{"type":"string","description_kind":"plain","computed":true},"state":{"type":"string","description_kind":"plain","computed":true},"time_created":{"type":"string","description_kind":"plain","computed":true},"time_updated":{"type":"string","description_kind":"plain","computed":true}},"description_kind":"plain"}},"oci_analytics_analytics_instances":{"version":0,"block":{"attributes":{"analytics_instances":{"type":["list",["object",{"capacity":["list",["object",{"capacity_type":"string","capacity_value":"number"}]],"compartment_id":"string","defined_tags":["map","string"],"description":"string","email_notification":"string","feature_set":"string","freeform_tags":["map","string"],"id":"string","idcs_access_token":"string","license_type":"string","name":"string","network_endpoint_details":["list",["object",{"network_endpoint_type":"string","subnet_id":"string","vcn_id":"string","whitelisted_ips":["list","string"],"whitelisted_vcns":["list",["object",{"id":"string","whitelisted_ips":["list","string"]}]]}]],"service_url":"string","state":"string","time_created":"string","time_updated":"string"}]],"description_kind":"plain","computed":true},"capacity_type":{"type":"string","description_kind":"plain","optional":true},"compartment_id":{"type":"string","description_kind":"plain","required":true},"feature_set":{"type":"string","description_kind":"plain","optional":true},"id":{"type":"string","description_kind":"plain","optional":true,"computed":true},"name":{"type":"string","description_kind":"plain","optional":true},"state":{"type":"string","description_kind":"plain","optional":true}},"block_types":{"filter":{"nesting_mode":"set","block":{"attributes":{"name":{"type":"string","description_kind":"plain","required":true},"regex":{"type":"bool","description_kind":"plain","optional":true},"values":{"type":["list","string"],"description_kind":"plain","required":true}},"description_kind":"plain"}}},"description_kind":"plain"}},"oci_apigateway_deployment":{"version":0,"block":{"attributes":{"compartment_id":{"type":"string","description_kind":"plain","computed":true},"defined_tags":{"type":["map","string"],"description_kind":"plain","computed":true},"deployment_id":{"type":"string","description_kind":"plain","required":true},"display_name":{"type":"string","description_kind":"plain","computed":true},"endpoint":{"type":"string","description_kind":"plain","computed":true},"freeform_tags":{"type":["map","string"],"description_kind":"plain","computed":true},"gateway_id":{"type":"string","description_kind":"plain","computed":true},"id":{"type":"string","description_kind":"plain","computed":true},"lifecycle_details":{"type":"string","description_kind":"plain","computed":true},"path_prefix":{"type":"string","description_kind":"plain","computed":true},"specification":{"type":["list",["object",{"logging_policies":["list",["object",{"access_log":["list",["object",{"is_enabled":"bool"}]],"execution_log":["list",["object",{"is_enabled":"bool","log_level":"string"}]]}]],"request_policies":["list",["object",{"authentication":["list",["object",{"audiences":["list","string"],"function_id":"string","is_anonymous_access_allowed":"bool","issuers":["list","string"],"max_clock_skew_in_seconds":"number","public_keys":["list",["object",{"is_ssl_verify_disabled":"bool","keys":["list",["object",{"alg":"string","e":"string","format":"string","key":"string","key_ops":["list","string"],"kid":"string","kty":"string","n":"string","use":"string"}]],"max_cache_duration_in_hours":"number","type":"string","uri":"string"}]],"token_auth_scheme":"string","token_header":"string","token_query_param":"string","type":"string","verify_claims":["list",["object",{"is_required":"bool","key":"string","values":["list","string"]}]]}]],"cors":["list",["object",{"allowed_headers":["list","string"],"allowed_methods":["list","string"],"allowed_origins":["list","string"],"exposed_headers":["list","string"],"is_allow_credentials_enabled":"bool","max_age_in_seconds":"number"}]],"rate_limiting":["list",["object",{"rate_in_requests_per_second":"number","rate_key":"string"}]]}]],"routes":["list",["object",{"backend":["list",["object",{"body":"string","connect_timeout_in_seconds":"number","function_id":"string","headers":["list",["object",{"name":"string","value":"string"}]],"is_ssl_verify_disabled":"bool","read_timeout_in_seconds":"number","send_timeout_in_seconds":"number","status":"number","type":"string","url":"string"}]],"logging_policies":["list",["object",{"access_log":["list",["object",{"is_enabled":"bool"}]],"execution_log":["list",["object",{"is_enabled":"bool","log_level":"string"}]]}]],"methods":["list","string"],"path":"string","request_policies":["list",["object",{"authorization":["list",["object",{"allowed_scope":["list","string"],"type":"string"}]],"cors":["list",["object",{"allowed_headers":["list","string"],"allowed_methods":["list","string"],"allowed_origins":["list","string"],"exposed_headers":["list","string"],"is_allow_credentials_enabled":"bool","max_age_in_seconds":"number"}]],"header_transformations":["list",["object",{"filter_headers":["list",["object",{"items":["list",["object",{"name":"string"}]],"type":"string"}]],"rename_headers":["list",["object",{"items":["list",["object",{"from":"string","to":"string"}]]}]],"set_headers":["list",["object",{"items":["list",["object",{"if_exists":"string","name":"string","values":["list","string"]}]]}]]}]],"query_parameter_transformations":["list",["object",{"filter_query_parameters":["list",["object",{"items":["list",["object",{"name":"string"}]],"type":"string"}]],"rename_query_parameters":["list",["object",{"items":["list",["object",{"from":"string","to":"string"}]]}]],"set_query_parameters":["list",["object",{"items":["list",["object",{"if_exists":"string","name":"string","values":["list","string"]}]]}]]}]]}]],"response_policies":["list",["object",{"header_transformations":["list",["object",{"filter_headers":["list",["object",{"items":["list",["object",{"name":"string"}]],"type":"string"}]],"rename_headers":["list",["object",{"items":["list",["object",{"from":"string","to":"string"}]]}]],"set_headers":["list",["object",{"items":["list",["object",{"if_exists":"string","name":"string","values":["list","string"]}]]}]]}]]}]]}]]}]],"description_kind":"plain","computed":true},"state":{"type":"string","description_kind":"plain","computed":true},"time_created":{"type":"string","description_kind":"plain","computed":true},"time_updated":{"type":"string","description_kind":"plain","computed":true}},"description_kind":"plain"}},"oci_apigateway_deployments":{"version":0,"block":{"attributes":{"compartment_id":{"type":"string","description_kind":"plain","required":true},"deployment_collection":{"type":["list",["object",{"compartment_id":"string","defined_tags":["map","string"],"display_name":"string","endpoint":"string","freeform_tags":["map","string"],"gateway_id":"string","id":"string","lifecycle_details":"string","path_prefix":"string","specification":["list",["object",{"logging_policies":["list",["object",{"access_log":["list",["object",{"is_enabled":"bool"}]],"execution_log":["list",["object",{"is_enabled":"bool","log_level":"string"}]]}]],"request_policies":["list",["object",{"authentication":["list",["object",{"audiences":["list","string"],"function_id":"string","is_anonymous_access_allowed":"bool","issuers":["list","string"],"max_clock_skew_in_seconds":"number","public_keys":["list",["object",{"is_ssl_verify_disabled":"bool","keys":["list",["object",{"alg":"string","e":"string","format":"string","key":"string","key_ops":["list","string"],"kid":"string","kty":"string","n":"string","use":"string"}]],"max_cache_duration_in_hours":"number","type":"string","uri":"string"}]],"token_auth_scheme":"string","token_header":"string","token_query_param":"string","type":"string","verify_claims":["list",["object",{"is_required":"bool","key":"string","values":["list","string"]}]]}]],"cors":["list",["object",{"allowed_headers":["list","string"],"allowed_methods":["list","string"],"allowed_origins":["list","string"],"exposed_headers":["list","string"],"is_allow_credentials_enabled":"bool","max_age_in_seconds":"number"}]],"rate_limiting":["list",["object",{"rate_in_requests_per_second":"number","rate_key":"string"}]]}]],"routes":["list",["object",{"backend":["list",["object",{"body":"string","connect_timeout_in_seconds":"number","function_id":"string","headers":["list",["object",{"name":"string","value":"string"}]],"is_ssl_verify_disabled":"bool","read_timeout_in_seconds":"number","send_timeout_in_seconds":"number","status":"number","type":"string","url":"string"}]],"logging_policies":["list",["object",{"access_log":["list",["object",{"is_enabled":"bool"}]],"execution_log":["list",["object",{"is_enabled":"bool","log_level":"string"}]]}]],"methods":["list","string"],"path":"string","request_policies":["list",["object",{"authorization":["list",["object",{"allowed_scope":["list","string"],"type":"string"}]],"cors":["list",["object",{"allowed_headers":["list","string"],"allowed_methods":["list","string"],"allowed_origins":["list","string"],"exposed_headers":["list","string"],"is_allow_credentials_enabled":"bool","max_age_in_seconds":"number"}]],"header_transformations":["list",["object",{"filter_headers":["list",["object",{"items":["list",["object",{"name":"string"}]],"type":"string"}]],"rename_headers":["list",["object",{"items":["list",["object",{"from":"string","to":"string"}]]}]],"set_headers":["list",["object",{"items":["list",["object",{"if_exists":"string","name":"string","values":["list","string"]}]]}]]}]],"query_parameter_transformations":["list",["object",{"filter_query_parameters":["list",["object",{"items":["list",["object",{"name":"string"}]],"type":"string"}]],"rename_query_parameters":["list",["object",{"items":["list",["object",{"from":"string","to":"string"}]]}]],"set_query_parameters":["list",["object",{"items":["list",["object",{"if_exists":"string","name":"string","values":["list","string"]}]]}]]}]]}]],"response_policies":["list",["object",{"header_transformations":["list",["object",{"filter_headers":["list",["object",{"items":["list",["object",{"name":"string"}]],"type":"string"}]],"rename_headers":["list",["object",{"items":["list",["object",{"from":"string","to":"string"}]]}]],"set_headers":["list",["object",{"items":["list",["object",{"if_exists":"string","name":"string","values":["list","string"]}]]}]]}]]}]]}]]}]],"state":"string","time_created":"string","time_updated":"string"}]],"description_kind":"plain","computed":true},"display_name":{"type":"string","description_kind":"plain","optional":true},"gateway_id":{"type":"string","description_kind":"plain","optional":true},"id":{"type":"string","description_kind":"plain","optional":true,"computed":true},"state":{"type":"string","description_kind":"plain","optional":true}},"block_types":{"filter":{"nesting_mode":"set","block":{"attributes":{"name":{"type":"string","description_kind":"plain","required":true},"regex":{"type":"bool","description_kind":"plain","optional":true},"values":{"type":["list","string"],"description_kind":"plain","required":true}},"description_kind":"plain"}}},"description_kind":"plain"}},"oci_apigateway_gateway":{"version":0,"block":{"attributes":{"compartment_id":{"type":"string","description_kind":"plain","computed":true},"defined_tags":{"type":["map","string"],"description_kind":"plain","computed":true},"display_name":{"type":"string","description_kind":"plain","computed":true},"endpoint_type":{"type":"string","description_kind":"plain","computed":true},"freeform_tags":{"type":["map","string"],"description_kind":"plain","computed":true},"gateway_id":{"type":"string","description_kind":"plain","required":true},"hostname":{"type":"string","description_kind":"plain","computed":true},"id":{"type":"string","description_kind":"plain","computed":true},"lifecycle_details":{"type":"string","description_kind":"plain","computed":true},"state":{"type":"string","description_kind":"plain","computed":true},"subnet_id":{"type":"string","description_kind":"plain","computed":true},"time_created":{"type":"string","description_kind":"plain","computed":true},"time_updated":{"type":"string","description_kind":"plain","computed":true}},"description_kind":"plain"}},"oci_apigateway_gateways":{"version":0,"block":{"attributes":{"compartment_id":{"type":"string","description_kind":"plain","required":true},"display_name":{"type":"string","description_kind":"plain","optional":true},"gateway_collection":{"type":["list",["object",{"compartment_id":"string","defined_tags":["map","string"],"display_name":"string","endpoint_type":"string","freeform_tags":["map","string"],"hostname":"string","id":"string","lifecycle_details":"string","state":"string","subnet_id":"string","time_created":"string","time_updated":"string"}]],"description_kind":"plain","computed":true},"id":{"type":"string","description_kind":"plain","optional":true,"computed":true},"state":{"type":"string","description_kind":"plain","optional":true}},"block_types":{"filter":{"nesting_mode":"set","block":{"attributes":{"name":{"type":"string","description_kind":"plain","required":true},"regex":{"type":"bool","description_kind":"plain","optional":true},"values":{"type":["list","string"],"description_kind":"plain","required":true}},"description_kind":"plain"}}},"description_kind":"plain"}},"oci_audit_configuration":{"version":0,"block":{"attributes":{"compartment_id":{"type":"string","description_kind":"plain","required":true},"id":{"type":"string","description_kind":"plain","computed":true},"retention_period_days":{"type":"number","description_kind":"plain","computed":true}},"description_kind":"plain"}},"oci_audit_events":{"version":0,"block":{"attributes":{"audit_events":{"type":["list",["object",{"cloud_events_version":"string","content_type":"string","data":["list",["object",{"additional_details":["map","string"],"availability_domain":"string","compartment_id":"string","compartment_name":"string","defined_tags":["map","string"],"event_grouping_id":"string","event_name":"string","freeform_tags":["map","string"],"identity":["list",["object",{"auth_type":"string","caller_id":"string","caller_name":"string","console_session_id":"string","credentials":"string","ip_address":"string","principal_id":"string","principal_name":"string","tenant_id":"string","user_agent":"string"}]],"request":["list",["object",{"action":"string","headers":["map","string"],"id":"string","parameters":["map","string"],"path":"string"}]],"resource_id":"string","resource_name":"string","response":["list",["object",{"headers":["map","string"],"message":"string","payload":["map","string"],"response_time":"string","status":"string"}]],"state_change":["list",["object",{"current":["map","string"],"previous":["map","string"]}]]}]],"event_id":"string","event_time":"string","event_type":"string","event_type_version":"string","source":"string"}]],"description_kind":"plain","computed":true},"compartment_id":{"type":"string","description_kind":"plain","required":true},"end_time":{"type":"string","description_kind":"plain","required":true},"id":{"type":"string","description_kind":"plain","optional":true,"computed":true},"start_time":{"type":"string","description_kind":"plain","required":true}},"block_types":{"filter":{"nesting_mode":"set","block":{"attributes":{"name":{"type":"string","description_kind":"plain","required":true},"regex":{"type":"bool","description_kind":"plain","optional":true},"values":{"type":["list","string"],"description_kind":"plain","required":true}},"description_kind":"plain"}}},"description_kind":"plain"}},"oci_autoscaling_auto_scaling_configuration":{"version":0,"block":{"attributes":{"auto_scaling_configuration_id":{"type":"string","description_kind":"plain","required":true},"auto_scaling_resources":{"type":["list",["object",{"id":"string","type":"string"}]],"description_kind":"plain","computed":true},"compartment_id":{"type":"string","description_kind":"plain","computed":true},"cool_down_in_seconds":{"type":"number","description_kind":"plain","computed":true},"defined_tags":{"type":["map","string"],"description_kind":"plain","computed":true},"display_name":{"type":"string","description_kind":"plain","computed":true},"freeform_tags":{"type":["map","string"],"description_kind":"plain","computed":true},"id":{"type":"string","description_kind":"plain","computed":true},"is_enabled":{"type":"bool","description_kind":"plain","computed":true},"max_resource_count":{"type":"number","description_kind":"plain","computed":true},"min_resource_count":{"type":"number","description_kind":"plain","computed":true},"policies":{"type":["list",["object",{"capacity":["list",["object",{"initial":"number","max":"number","min":"number"}]],"display_name":"string","execution_schedule":["list",["object",{"expression":"string","timezone":"string","type":"string"}]],"id":"string","is_enabled":"bool","policy_type":"string","rules":["list",["object",{"action":["list",["object",{"type":"string","value":"number"}]],"display_name":"string","id":"string","metric":["list",["object",{"metric_type":"string","threshold":["list",["object",{"operator":"string","value":"number"}]]}]]}]],"time_created":"string"}]],"description_kind":"plain","computed":true},"time_created":{"type":"string","description_kind":"plain","computed":true}},"description_kind":"plain"}},"oci_autoscaling_auto_scaling_configurations":{"version":0,"block":{"attributes":{"auto_scaling_configurations":{"type":["list",["object",{"auto_scaling_resources":["list",["object",{"id":"string","type":"string"}]],"compartment_id":"string","cool_down_in_seconds":"number","defined_tags":["map","string"],"display_name":"string","freeform_tags":["map","string"],"id":"string","is_enabled":"bool","max_resource_count":"number","min_resource_count":"number","policies":["list",["object",{"capacity":["list",["object",{"initial":"number","max":"number","min":"number"}]],"display_name":"string","execution_schedule":["list",["object",{"expression":"string","timezone":"string","type":"string"}]],"id":"string","is_enabled":"bool","policy_type":"string","rules":["list",["object",{"action":["list",["object",{"type":"string","value":"number"}]],"display_name":"string","id":"string","metric":["list",["object",{"metric_type":"string","threshold":["list",["object",{"operator":"string","value":"number"}]]}]]}]],"time_created":"string"}]],"time_created":"string"}]],"description_kind":"plain","computed":true},"compartment_id":{"type":"string","description_kind":"plain","required":true},"display_name":{"type":"string","description_kind":"plain","optional":true},"id":{"type":"string","description_kind":"plain","optional":true,"computed":true}},"block_types":{"filter":{"nesting_mode":"set","block":{"attributes":{"name":{"type":"string","description_kind":"plain","required":true},"regex":{"type":"bool","description_kind":"plain","optional":true},"values":{"type":["list","string"],"description_kind":"plain","required":true}},"description_kind":"plain"}}},"description_kind":"plain"}},"oci_bds_bds_instance":{"version":0,"block":{"attributes":{"bds_instance_id":{"type":"string","description_kind":"plain","required":true},"cloud_sql_details":{"type":["list",["object",{"block_volume_size_in_gbs":"string","ip_address":"string","is_kerberos_mapped_to_database_users":"bool","kerberos_details":["list",["object",{"keytab_file":"string","principal_name":"string"}]],"shape":"string"}]],"description_kind":"plain","computed":true},"cluster_admin_password":{"type":"string","description_kind":"plain","computed":true,"sensitive":true},"cluster_details":{"type":["list",["object",{"bd_cell_version":"string","bda_version":"string","bdm_version":"string","bds_version":"string","big_data_manager_url":"string","cloudera_manager_url":"string","csql_cell_version":"string","db_version":"string","hue_server_url":"string","os_version":"string","time_created":"string","time_refreshed":"string"}]],"description_kind":"plain","computed":true},"cluster_public_key":{"type":"string","description_kind":"plain","computed":true},"cluster_version":{"type":"string","description_kind":"plain","computed":true},"compartment_id":{"type":"string","description_kind":"plain","computed":true},"created_by":{"type":"string","description_kind":"plain","computed":true},"defined_tags":{"type":["map","string"],"description_kind":"plain","computed":true},"display_name":{"type":"string","description_kind":"plain","computed":true},"freeform_tags":{"type":["map","string"],"description_kind":"plain","computed":true},"id":{"type":"string","description_kind":"plain","computed":true},"is_cloud_sql_configured":{"type":"bool","description_kind":"plain","computed":true},"is_high_availability":{"type":"bool","description_kind":"plain","computed":true},"is_secure":{"type":"bool","description_kind":"plain","computed":true},"master_node":{"type":["list",["object",{"block_volume_size_in_gbs":"string","number_of_nodes":"number","shape":"string","subnet_id":"string"}]],"description_kind":"plain","computed":true},"network_config":{"type":["list",["object",{"cidr_block":"string","is_nat_gateway_required":"bool"}]],"description_kind":"plain","computed":true},"nodes":{"type":["list",["object",{"attached_block_volumes":["list",["object",{"volume_attachment_id":"string","volume_size_in_gbs":"string"}]],"availability_domain":"string","display_name":"string","fault_domain":"string","image_id":"string","instance_id":"string","ip_address":"string","node_type":"string","shape":"string","ssh_fingerprint":"string","state":"string","subnet_id":"string","time_created":"string"}]],"description_kind":"plain","computed":true},"number_of_nodes":{"type":"number","description_kind":"plain","computed":true},"state":{"type":"string","description_kind":"plain","computed":true},"time_created":{"type":"string","description_kind":"plain","computed":true},"time_updated":{"type":"string","description_kind":"plain","computed":true},"util_node":{"type":["list",["object",{"block_volume_size_in_gbs":"string","number_of_nodes":"number","shape":"string","subnet_id":"string"}]],"description_kind":"plain","computed":true},"worker_node":{"type":["list",["object",{"block_volume_size_in_gbs":"string","number_of_nodes":"number","shape":"string","subnet_id":"string"}]],"description_kind":"plain","computed":true}},"description_kind":"plain"}},"oci_bds_bds_instances":{"version":0,"block":{"attributes":{"bds_instances":{"type":["list",["object",{"cloud_sql_details":["list",["object",{"block_volume_size_in_gbs":"string","ip_address":"string","is_kerberos_mapped_to_database_users":"bool","kerberos_details":["list",["object",{"keytab_file":"string","principal_name":"string"}]],"shape":"string"}]],"cluster_admin_password":"string","cluster_details":["list",["object",{"bd_cell_version":"string","bda_version":"string","bdm_version":"string","bds_version":"string","big_data_manager_url":"string","cloudera_manager_url":"string","csql_cell_version":"string","db_version":"string","hue_server_url":"string","os_version":"string","time_created":"string","time_refreshed":"string"}]],"cluster_public_key":"string","cluster_version":"string","compartment_id":"string","created_by":"string","defined_tags":["map","string"],"display_name":"string","freeform_tags":["map","string"],"id":"string","is_cloud_sql_configured":"bool","is_high_availability":"bool","is_secure":"bool","master_node":["list",["object",{"block_volume_size_in_gbs":"string","number_of_nodes":"number","shape":"string","subnet_id":"string"}]],"network_config":["list",["object",{"cidr_block":"string","is_nat_gateway_required":"bool"}]],"nodes":["list",["object",{"attached_block_volumes":["list",["object",{"volume_attachment_id":"string","volume_size_in_gbs":"string"}]],"availability_domain":"string","display_name":"string","fault_domain":"string","image_id":"string","instance_id":"string","ip_address":"string","node_type":"string","shape":"string","ssh_fingerprint":"string","state":"string","subnet_id":"string","time_created":"string"}]],"number_of_nodes":"number","state":"string","time_created":"string","time_updated":"string","util_node":["list",["object",{"block_volume_size_in_gbs":"string","number_of_nodes":"number","shape":"string","subnet_id":"string"}]],"worker_node":["list",["object",{"block_volume_size_in_gbs":"string","number_of_nodes":"number","shape":"string","subnet_id":"string"}]]}]],"description_kind":"plain","computed":true},"compartment_id":{"type":"string","description_kind":"plain","required":true},"display_name":{"type":"string","description_kind":"plain","optional":true},"id":{"type":"string","description_kind":"plain","optional":true,"computed":true},"state":{"type":"string","description_kind":"plain","optional":true}},"block_types":{"filter":{"nesting_mode":"set","block":{"attributes":{"name":{"type":"string","description_kind":"plain","required":true},"regex":{"type":"bool","description_kind":"plain","optional":true},"values":{"type":["list","string"],"description_kind":"plain","required":true}},"description_kind":"plain"}}},"description_kind":"plain"}},"oci_blockchain_blockchain_platform":{"version":0,"block":{"attributes":{"blockchain_platform_id":{"type":"string","description_kind":"plain","required":true},"ca_cert_archive_text":{"type":"string","description_kind":"plain","computed":true},"compartment_id":{"type":"string","description_kind":"plain","computed":true},"component_details":{"type":["list",["object",{"osns":["list",["object",{"ad":"string","ocpu_allocation_param":["list",["object",{"ocpu_allocation_number":"number"}]],"osn_key":"string","state":"string"}]],"peers":["list",["object",{"ad":"string","alias":"string","host":"string","ocpu_allocation_param":["list",["object",{"ocpu_allocation_number":"number"}]],"peer_key":"string","role":"string","state":"string"}]]}]],"description_kind":"plain","computed":true},"compute_shape":{"type":"string","description_kind":"plain","computed":true},"defined_tags":{"type":["map","string"],"description_kind":"plain","computed":true},"description":{"type":"string","description_kind":"plain","computed":true},"display_name":{"type":"string","description_kind":"plain","computed":true},"federated_user_id":{"type":"string","description_kind":"plain","computed":true},"freeform_tags":{"type":["map","string"],"description_kind":"plain","computed":true},"host_ocpu_utilization_info":{"type":["list",["object",{"host":"string","ocpu_capacity_number":"number","ocpu_utilization_number":"number"}]],"description_kind":"plain","computed":true},"id":{"type":"string","description_kind":"plain","computed":true},"idcs_access_token":{"type":"string","description_kind":"plain","computed":true,"sensitive":true},"is_byol":{"type":"bool","description_kind":"plain","computed":true},"is_multi_ad":{"type":"bool","description_kind":"plain","computed":true},"lifecycle_details":{"type":"string","description_kind":"plain","computed":true},"platform_role":{"type":"string","description_kind":"plain","computed":true},"replicas":{"type":["list",["object",{"ca_count":"number","console_count":"number","proxy_count":"number"}]],"description_kind":"plain","computed":true},"service_endpoint":{"type":"string","description_kind":"plain","computed":true},"service_version":{"type":"string","description_kind":"plain","computed":true},"state":{"type":"string","description_kind":"plain","computed":true},"storage_size_in_tbs":{"type":"number","description_kind":"plain","computed":true},"storage_used_in_tbs":{"type":"number","description_kind":"plain","computed":true},"time_created":{"type":"string","description_kind":"plain","computed":true},"time_updated":{"type":"string","description_kind":"plain","computed":true},"total_ocpu_capacity":{"type":"number","description_kind":"plain","computed":true}},"description_kind":"plain"}},"oci_blockchain_blockchain_platforms":{"version":0,"block":{"attributes":{"blockchain_platform_collection":{"type":["list",["object",{"items":["list",["object",{"ca_cert_archive_text":"string","compartment_id":"string","component_details":["list",["object",{"osns":["list",["object",{"ad":"string","ocpu_allocation_param":["list",["object",{"ocpu_allocation_number":"number"}]],"osn_key":"string","state":"string"}]],"peers":["list",["object",{"ad":"string","alias":"string","host":"string","ocpu_allocation_param":["list",["object",{"ocpu_allocation_number":"number"}]],"peer_key":"string","role":"string","state":"string"}]]}]],"compute_shape":"string","defined_tags":["map","string"],"description":"string","display_name":"string","federated_user_id":"string","freeform_tags":["map","string"],"host_ocpu_utilization_info":["list",["object",{"host":"string","ocpu_capacity_number":"number","ocpu_utilization_number":"number"}]],"id":"string","idcs_access_token":"string","is_byol":"bool","is_multi_ad":"bool","lifecycle_details":"string","platform_role":"string","replicas":["list",["object",{"ca_count":"number","console_count":"number","proxy_count":"number"}]],"service_endpoint":"string","service_version":"string","state":"string","storage_size_in_tbs":"number","storage_used_in_tbs":"number","time_created":"string","time_updated":"string","total_ocpu_capacity":"number"}]]}]],"description_kind":"plain","computed":true},"compartment_id":{"type":"string","description_kind":"plain","required":true},"display_name":{"type":"string","description_kind":"plain","optional":true},"id":{"type":"string","description_kind":"plain","optional":true,"computed":true},"state":{"type":"string","description_kind":"plain","optional":true}},"block_types":{"filter":{"nesting_mode":"set","block":{"attributes":{"name":{"type":"string","description_kind":"plain","required":true},"regex":{"type":"bool","description_kind":"plain","optional":true},"values":{"type":["list","string"],"description_kind":"plain","required":true}},"description_kind":"plain"}}},"description_kind":"plain"}},"oci_blockchain_osn":{"version":0,"block":{"attributes":{"ad":{"type":"string","description_kind":"plain","computed":true},"blockchain_platform_id":{"type":"string","description_kind":"plain","required":true},"id":{"type":"string","description_kind":"plain","computed":true},"ocpu_allocation_param":{"type":["list",["object",{"ocpu_allocation_number":"number"}]],"description_kind":"plain","computed":true},"osn_id":{"type":"string","description_kind":"plain","required":true},"osn_key":{"type":"string","description_kind":"plain","computed":true},"state":{"type":"string","description_kind":"plain","computed":true}},"description_kind":"plain"}},"oci_blockchain_osns":{"version":0,"block":{"attributes":{"blockchain_platform_id":{"type":"string","description_kind":"plain","required":true},"display_name":{"type":"string","description_kind":"plain","optional":true},"id":{"type":"string","description_kind":"plain","optional":true,"computed":true},"osn_collection":{"type":["list",["object",{"items":["list",["object",{"ad":"string","blockchain_platform_id":"string","ocpu_allocation_param":["list",["object",{"ocpu_allocation_number":"number"}]],"osn_key":"string","state":"string"}]]}]],"description_kind":"plain","computed":true}},"block_types":{"filter":{"nesting_mode":"set","block":{"attributes":{"name":{"type":"string","description_kind":"plain","required":true},"regex":{"type":"bool","description_kind":"plain","optional":true},"values":{"type":["list","string"],"description_kind":"plain","required":true}},"description_kind":"plain"}}},"description_kind":"plain"}},"oci_blockchain_peer":{"version":0,"block":{"attributes":{"ad":{"type":"string","description_kind":"plain","computed":true},"alias":{"type":"string","description_kind":"plain","computed":true},"blockchain_platform_id":{"type":"string","description_kind":"plain","required":true},"host":{"type":"string","description_kind":"plain","computed":true},"id":{"type":"string","description_kind":"plain","computed":true},"ocpu_allocation_param":{"type":["list",["object",{"ocpu_allocation_number":"number"}]],"description_kind":"plain","computed":true},"peer_id":{"type":"string","description_kind":"plain","required":true},"peer_key":{"type":"string","description_kind":"plain","computed":true},"role":{"type":"string","description_kind":"plain","computed":true},"state":{"type":"string","description_kind":"plain","computed":true}},"description_kind":"plain"}},"oci_blockchain_peers":{"version":0,"block":{"attributes":{"blockchain_platform_id":{"type":"string","description_kind":"plain","required":true},"display_name":{"type":"string","description_kind":"plain","optional":true},"id":{"type":"string","description_kind":"plain","optional":true,"computed":true},"peer_collection":{"type":["list",["object",{"items":["list",["object",{"ad":"string","alias":"string","blockchain_platform_id":"string","host":"string","ocpu_allocation_param":["list",["object",{"ocpu_allocation_number":"number"}]],"peer_key":"string","role":"string","state":"string"}]]}]],"description_kind":"plain","computed":true}},"block_types":{"filter":{"nesting_mode":"set","block":{"attributes":{"name":{"type":"string","description_kind":"plain","required":true},"regex":{"type":"bool","description_kind":"plain","optional":true},"values":{"type":["list","string"],"description_kind":"plain","required":true}},"description_kind":"plain"}}},"description_kind":"plain"}},"oci_budget_alert_rule":{"version":0,"block":{"attributes":{"alert_rule_id":{"type":"string","description_kind":"plain","required":true},"budget_id":{"type":"string","description_kind":"plain","required":true},"defined_tags":{"type":["map","string"],"description_kind":"plain","computed":true},"description":{"type":"string","description_kind":"plain","computed":true},"display_name":{"type":"string","description_kind":"plain","computed":true},"freeform_tags":{"type":["map","string"],"description_kind":"plain","computed":true},"id":{"type":"string","description_kind":"plain","computed":true},"message":{"type":"string","description_kind":"plain","computed":true},"recipients":{"type":"string","description_kind":"plain","computed":true},"state":{"type":"string","description_kind":"plain","computed":true},"threshold":{"type":"number","description_kind":"plain","computed":true},"threshold_type":{"type":"string","description_kind":"plain","computed":true},"time_created":{"type":"string","description_kind":"plain","computed":true},"time_updated":{"type":"string","description_kind":"plain","computed":true},"type":{"type":"string","description_kind":"plain","computed":true},"version":{"type":"number","description_kind":"plain","computed":true}},"description_kind":"plain"}},"oci_budget_alert_rules":{"version":0,"block":{"attributes":{"alert_rules":{"type":["list",["object",{"budget_id":"string","defined_tags":["map","string"],"description":"string","display_name":"string","freeform_tags":["map","string"],"id":"string","message":"string","recipients":"string","state":"string","threshold":"number","threshold_type":"string","time_created":"string","time_updated":"string","type":"string","version":"number"}]],"description_kind":"plain","computed":true},"budget_id":{"type":"string","description_kind":"plain","required":true},"display_name":{"type":"string","description_kind":"plain","optional":true},"id":{"type":"string","description_kind":"plain","optional":true,"computed":true},"state":{"type":"string","description_kind":"plain","optional":true}},"block_types":{"filter":{"nesting_mode":"set","block":{"attributes":{"name":{"type":"string","description_kind":"plain","required":true},"regex":{"type":"bool","description_kind":"plain","optional":true},"values":{"type":["list","string"],"description_kind":"plain","required":true}},"description_kind":"plain"}}},"description_kind":"plain"}},"oci_budget_budget":{"version":0,"block":{"attributes":{"actual_spend":{"type":"number","description_kind":"plain","computed":true},"alert_rule_count":{"type":"number","description_kind":"plain","computed":true},"amount":{"type":"number","description_kind":"plain","computed":true},"budget_id":{"type":"string","description_kind":"plain","required":true},"compartment_id":{"type":"string","description_kind":"plain","computed":true},"defined_tags":{"type":["map","string"],"description_kind":"plain","computed":true},"description":{"type":"string","description_kind":"plain","computed":true},"display_name":{"type":"string","description_kind":"plain","computed":true},"forecasted_spend":{"type":"number","description_kind":"plain","computed":true},"freeform_tags":{"type":["map","string"],"description_kind":"plain","computed":true},"id":{"type":"string","description_kind":"plain","computed":true},"reset_period":{"type":"string","description_kind":"plain","computed":true},"state":{"type":"string","description_kind":"plain","computed":true},"target_compartment_id":{"type":"string","description_kind":"plain","computed":true},"target_type":{"type":"string","description_kind":"plain","computed":true},"targets":{"type":["list","string"],"description_kind":"plain","computed":true},"time_created":{"type":"string","description_kind":"plain","computed":true},"time_spend_computed":{"type":"string","description_kind":"plain","computed":true},"time_updated":{"type":"string","description_kind":"plain","computed":true},"version":{"type":"number","description_kind":"plain","computed":true}},"description_kind":"plain"}},"oci_budget_budgets":{"version":0,"block":{"attributes":{"budgets":{"type":["list",["object",{"actual_spend":"number","alert_rule_count":"number","amount":"number","compartment_id":"string","defined_tags":["map","string"],"description":"string","display_name":"string","forecasted_spend":"number","freeform_tags":["map","string"],"id":"string","reset_period":"string","state":"string","target_compartment_id":"string","target_type":"string","targets":["list","string"],"time_created":"string","time_spend_computed":"string","time_updated":"string","version":"number"}]],"description_kind":"plain","computed":true},"compartment_id":{"type":"string","description_kind":"plain","required":true},"display_name":{"type":"string","description_kind":"plain","optional":true},"id":{"type":"string","description_kind":"plain","optional":true,"computed":true},"state":{"type":"string","description_kind":"plain","optional":true},"target_type":{"type":"string","description_kind":"plain","optional":true}},"block_types":{"filter":{"nesting_mode":"set","block":{"attributes":{"name":{"type":"string","description_kind":"plain","required":true},"regex":{"type":"bool","description_kind":"plain","optional":true},"values":{"type":["list","string"],"description_kind":"plain","required":true}},"description_kind":"plain"}}},"description_kind":"plain"}},"oci_cloud_guard_cloud_guard_configuration":{"version":0,"block":{"attributes":{"compartment_id":{"type":"string","description_kind":"plain","required":true},"id":{"type":"string","description_kind":"plain","computed":true},"reporting_region":{"type":"string","description_kind":"plain","computed":true},"self_manage_resources":{"type":"bool","description_kind":"plain","computed":true},"status":{"type":"string","description_kind":"plain","computed":true}},"description_kind":"plain"}},"oci_cloud_guard_detector_recipe":{"version":0,"block":{"attributes":{"compartment_id":{"type":"string","description_kind":"plain","computed":true},"defined_tags":{"type":["map","string"],"description_kind":"plain","computed":true},"description":{"type":"string","description_kind":"plain","computed":true},"detector":{"type":"string","description_kind":"plain","computed":true},"detector_recipe_id":{"type":"string","description_kind":"plain","required":true},"detector_rules":{"type":["list",["object",{"candidate_responder_rules":["list",["object",{"display_name":"string","id":"string","is_preferred":"bool"}]],"description":"string","details":["list",["object",{"condition":"string","configurations":["list",["object",{"config_key":"string","data_type":"string","name":"string","value":"string","values":["list",["object",{"list_type":"string","managed_list_type":"string","value":"string"}]]}]],"is_configuration_allowed":"bool","is_enabled":"bool","labels":["list","string"],"risk_level":"string"}]],"detector":"string","detector_rule_id":"string","display_name":"string","lifecycle_details":"string","managed_list_types":["list","string"],"recommendation":"string","resource_type":"string","service_type":"string","state":"string","time_created":"string","time_updated":"string"}]],"description_kind":"plain","computed":true},"display_name":{"type":"string","description_kind":"plain","computed":true},"effective_detector_rules":{"type":["list",["object",{"candidate_responder_rules":["list",["object",{"display_name":"string","id":"string","is_preferred":"bool"}]],"description":"string","details":["list",["object",{"condition":"string","configurations":["list",["object",{"config_key":"string","data_type":"string","name":"string","value":"string","values":["list",["object",{"list_type":"string","managed_list_type":"string","value":"string"}]]}]],"is_configuration_allowed":"bool","is_enabled":"bool","labels":["list","string"],"risk_level":"string"}]],"detector":"string","detector_rule_id":"string","display_name":"string","lifecycle_details":"string","managed_list_types":["list","string"],"recommendation":"string","resource_type":"string","service_type":"string","state":"string","time_created":"string","time_updated":"string"}]],"description_kind":"plain","computed":true},"freeform_tags":{"type":["map","string"],"description_kind":"plain","computed":true},"id":{"type":"string","description_kind":"plain","computed":true},"owner":{"type":"string","description_kind":"plain","computed":true},"source_detector_recipe_id":{"type":"string","description_kind":"plain","computed":true},"state":{"type":"string","description_kind":"plain","computed":true},"system_tags":{"type":["map","string"],"description_kind":"plain","computed":true},"time_created":{"type":"string","description_kind":"plain","computed":true},"time_updated":{"type":"string","description_kind":"plain","computed":true}},"description_kind":"plain"}},"oci_cloud_guard_detector_recipes":{"version":0,"block":{"attributes":{"access_level":{"type":"string","description_kind":"plain","optional":true},"compartment_id":{"type":"string","description_kind":"plain","required":true},"compartment_id_in_subtree":{"type":"bool","description_kind":"plain","optional":true},"detector_recipe_collection":{"type":["list",["object",{"items":["list",["object",{"compartment_id":"string","defined_tags":["map","string"],"description":"string","detector":"string","detector_rules":["list",["object",{"candidate_responder_rules":["list",["object",{"display_name":"string","id":"string","is_preferred":"bool"}]],"description":"string","details":["list",["object",{"condition":"string","configurations":["list",["object",{"config_key":"string","data_type":"string","name":"string","value":"string","values":["list",["object",{"list_type":"string","managed_list_type":"string","value":"string"}]]}]],"is_configuration_allowed":"bool","is_enabled":"bool","labels":["list","string"],"risk_level":"string"}]],"detector":"string","detector_rule_id":"string","display_name":"string","lifecycle_details":"string","managed_list_types":["list","string"],"recommendation":"string","resource_type":"string","service_type":"string","state":"string","time_created":"string","time_updated":"string"}]],"display_name":"string","effective_detector_rules":["list",["object",{"candidate_responder_rules":["list",["object",{"display_name":"string","id":"string","is_preferred":"bool"}]],"description":"string","details":["list",["object",{"condition":"string","configurations":["list",["object",{"config_key":"string","data_type":"string","name":"string","value":"string","values":["list",["object",{"list_type":"string","managed_list_type":"string","value":"string"}]]}]],"is_configuration_allowed":"bool","is_enabled":"bool","labels":["list","string"],"risk_level":"string"}]],"detector":"string","detector_rule_id":"string","display_name":"string","lifecycle_details":"string","managed_list_types":["list","string"],"recommendation":"string","resource_type":"string","service_type":"string","state":"string","time_created":"string","time_updated":"string"}]],"freeform_tags":["map","string"],"id":"string","owner":"string","source_detector_recipe_id":"string","state":"string","system_tags":["map","string"],"time_created":"string","time_updated":"string"}]]}]],"description_kind":"plain","computed":true},"display_name":{"type":"string","description_kind":"plain","optional":true},"id":{"type":"string","description_kind":"plain","optional":true,"computed":true},"resource_metadata_only":{"type":"bool","description_kind":"plain","optional":true},"state":{"type":"string","description_kind":"plain","optional":true}},"block_types":{"filter":{"nesting_mode":"set","block":{"attributes":{"name":{"type":"string","description_kind":"plain","required":true},"regex":{"type":"bool","description_kind":"plain","optional":true},"values":{"type":["list","string"],"description_kind":"plain","required":true}},"description_kind":"plain"}}},"description_kind":"plain"}},"oci_cloud_guard_managed_list":{"version":0,"block":{"attributes":{"compartment_id":{"type":"string","description_kind":"plain","computed":true},"defined_tags":{"type":["map","string"],"description_kind":"plain","computed":true},"description":{"type":"string","description_kind":"plain","computed":true},"display_name":{"type":"string","description_kind":"plain","computed":true},"feed_provider":{"type":"string","description_kind":"plain","computed":true},"freeform_tags":{"type":["map","string"],"description_kind":"plain","computed":true},"id":{"type":"string","description_kind":"plain","computed":true},"is_editable":{"type":"bool","description_kind":"plain","computed":true},"lifecyle_details":{"type":"string","description_kind":"plain","computed":true},"list_items":{"type":["list","string"],"description_kind":"plain","computed":true},"list_type":{"type":"string","description_kind":"plain","computed":true},"managed_list_id":{"type":"string","description_kind":"plain","required":true},"source_managed_list_id":{"type":"string","description_kind":"plain","computed":true},"state":{"type":"string","description_kind":"plain","computed":true},"system_tags":{"type":["map","string"],"description_kind":"plain","computed":true},"time_created":{"type":"string","description_kind":"plain","computed":true},"time_updated":{"type":"string","description_kind":"plain","computed":true}},"description_kind":"plain"}},"oci_cloud_guard_managed_lists":{"version":0,"block":{"attributes":{"access_level":{"type":"string","description_kind":"plain","optional":true},"compartment_id":{"type":"string","description_kind":"plain","required":true},"compartment_id_in_subtree":{"type":"bool","description_kind":"plain","optional":true},"display_name":{"type":"string","description_kind":"plain","optional":true},"id":{"type":"string","description_kind":"plain","optional":true,"computed":true},"list_type":{"type":"string","description_kind":"plain","optional":true},"managed_list_collection":{"type":["list",["object",{"items":["list",["object",{"compartment_id":"string","defined_tags":["map","string"],"description":"string","display_name":"string","feed_provider":"string","freeform_tags":["map","string"],"id":"string","is_editable":"bool","lifecyle_details":"string","list_items":["list","string"],"list_type":"string","source_managed_list_id":"string","state":"string","system_tags":["map","string"],"time_created":"string","time_updated":"string"}]]}]],"description_kind":"plain","computed":true},"resource_metadata_only":{"type":"bool","description_kind":"plain","optional":true},"state":{"type":"string","description_kind":"plain","optional":true}},"block_types":{"filter":{"nesting_mode":"set","block":{"attributes":{"name":{"type":"string","description_kind":"plain","required":true},"regex":{"type":"bool","description_kind":"plain","optional":true},"values":{"type":["list","string"],"description_kind":"plain","required":true}},"description_kind":"plain"}}},"description_kind":"plain"}},"oci_cloud_guard_responder_recipe":{"version":0,"block":{"attributes":{"compartment_id":{"type":"string","description_kind":"plain","computed":true},"defined_tags":{"type":["map","string"],"description_kind":"plain","computed":true},"description":{"type":"string","description_kind":"plain","computed":true},"display_name":{"type":"string","description_kind":"plain","computed":true},"effective_responder_rules":{"type":["list",["object",{"compartment_id":"string","description":"string","details":["list",["object",{"condition":"string","configurations":["list",["object",{"config_key":"string","name":"string","value":"string"}]],"is_enabled":"bool","mode":"string"}]],"display_name":"string","lifecycle_details":"string","policies":["list","string"],"responder_rule_id":"string","state":"string","supported_modes":["list","string"],"time_created":"string","time_updated":"string","type":"string"}]],"description_kind":"plain","computed":true},"freeform_tags":{"type":["map","string"],"description_kind":"plain","computed":true},"id":{"type":"string","description_kind":"plain","computed":true},"lifecycle_details":{"type":"string","description_kind":"plain","computed":true},"owner":{"type":"string","description_kind":"plain","computed":true},"responder_recipe_id":{"type":"string","description_kind":"plain","required":true},"responder_rules":{"type":["list",["object",{"compartment_id":"string","description":"string","details":["list",["object",{"condition":"string","configurations":["list",["object",{"config_key":"string","name":"string","value":"string"}]],"is_enabled":"bool","mode":"string"}]],"display_name":"string","lifecycle_details":"string","policies":["list","string"],"responder_rule_id":"string","state":"string","supported_modes":["list","string"],"time_created":"string","time_updated":"string","type":"string"}]],"description_kind":"plain","computed":true},"source_responder_recipe_id":{"type":"string","description_kind":"plain","computed":true},"state":{"type":"string","description_kind":"plain","computed":true},"system_tags":{"type":["map","string"],"description_kind":"plain","computed":true},"time_created":{"type":"string","description_kind":"plain","computed":true},"time_updated":{"type":"string","description_kind":"plain","computed":true}},"description_kind":"plain"}},"oci_cloud_guard_responder_recipes":{"version":0,"block":{"attributes":{"access_level":{"type":"string","description_kind":"plain","optional":true},"compartment_id":{"type":"string","description_kind":"plain","required":true},"compartment_id_in_subtree":{"type":"bool","description_kind":"plain","optional":true},"display_name":{"type":"string","description_kind":"plain","optional":true},"id":{"type":"string","description_kind":"plain","optional":true,"computed":true},"resource_metadata_only":{"type":"bool","description_kind":"plain","optional":true},"responder_recipe_collection":{"type":["list",["object",{"items":["list",["object",{"compartment_id":"string","defined_tags":["map","string"],"description":"string","display_name":"string","effective_responder_rules":["list",["object",{"compartment_id":"string","description":"string","details":["list",["object",{"condition":"string","configurations":["list",["object",{"config_key":"string","name":"string","value":"string"}]],"is_enabled":"bool","mode":"string"}]],"display_name":"string","lifecycle_details":"string","policies":["list","string"],"responder_rule_id":"string","state":"string","supported_modes":["list","string"],"time_created":"string","time_updated":"string","type":"string"}]],"freeform_tags":["map","string"],"id":"string","lifecycle_details":"string","owner":"string","responder_rules":["list",["object",{"compartment_id":"string","description":"string","details":["list",["object",{"condition":"string","configurations":["list",["object",{"config_key":"string","name":"string","value":"string"}]],"is_enabled":"bool","mode":"string"}]],"display_name":"string","lifecycle_details":"string","policies":["list","string"],"responder_rule_id":"string","state":"string","supported_modes":["list","string"],"time_created":"string","time_updated":"string","type":"string"}]],"source_responder_recipe_id":"string","state":"string","system_tags":["map","string"],"time_created":"string","time_updated":"string"}]]}]],"description_kind":"plain","computed":true},"state":{"type":"string","description_kind":"plain","optional":true}},"block_types":{"filter":{"nesting_mode":"set","block":{"attributes":{"name":{"type":"string","description_kind":"plain","required":true},"regex":{"type":"bool","description_kind":"plain","optional":true},"values":{"type":["list","string"],"description_kind":"plain","required":true}},"description_kind":"plain"}}},"description_kind":"plain"}},"oci_cloud_guard_target":{"version":0,"block":{"attributes":{"compartment_id":{"type":"string","description_kind":"plain","computed":true},"defined_tags":{"type":["map","string"],"description_kind":"plain","computed":true},"description":{"type":"string","description_kind":"plain","computed":true},"display_name":{"type":"string","description_kind":"plain","computed":true},"freeform_tags":{"type":["map","string"],"description_kind":"plain","computed":true},"id":{"type":"string","description_kind":"plain","computed":true},"inherited_by_compartments":{"type":["list","string"],"description_kind":"plain","computed":true},"lifecyle_details":{"type":"string","description_kind":"plain","computed":true},"recipe_count":{"type":"number","description_kind":"plain","computed":true},"state":{"type":"string","description_kind":"plain","computed":true},"system_tags":{"type":["map","string"],"description_kind":"plain","computed":true},"target_detector_recipes":{"type":["list",["object",{"compartment_id":"string","description":"string","detector":"string","detector_recipe_id":"string","detector_rules":["list",["object",{"description":"string","details":["list",["object",{"condition_groups":["list",["object",{"compartment_id":"string","condition":"string"}]],"configurations":["list",["object",{"config_key":"string","data_type":"string","name":"string","value":"string","values":["list",["object",{"list_type":"string","managed_list_type":"string","value":"string"}]]}]],"is_configuration_allowed":"bool","is_enabled":"bool","labels":["list","string"],"risk_level":"string"}]],"detector":"string","detector_rule_id":"string","display_name":"string","lifecycle_details":"string","managed_list_types":["list","string"],"recommendation":"string","resource_type":"string","service_type":"string","state":"string","time_created":"string","time_updated":"string"}]],"display_name":"string","effective_detector_rules":["list",["object",{"description":"string","details":["list",["object",{"condition_groups":["list",["object",{"compartment_id":"string","condition":"string"}]],"configurations":["list",["object",{"config_key":"string","data_type":"string","name":"string","value":"string","values":["list",["object",{"list_type":"string","managed_list_type":"string","value":"string"}]]}]],"is_configuration_allowed":"bool","is_enabled":"bool","labels":["list","string"],"risk_level":"string"}]],"detector":"string","detector_rule_id":"string","display_name":"string","lifecycle_details":"string","managed_list_types":["list","string"],"recommendation":"string","resource_type":"string","service_type":"string","state":"string","time_created":"string","time_updated":"string"}]],"id":"string","owner":"string","state":"string","time_created":"string","time_updated":"string"}]],"description_kind":"plain","computed":true},"target_id":{"type":"string","description_kind":"plain","required":true},"target_resource_id":{"type":"string","description_kind":"plain","computed":true},"target_resource_type":{"type":"string","description_kind":"plain","computed":true},"target_responder_recipes":{"type":["list",["object",{"compartment_id":"string","description":"string","display_name":"string","effective_responder_rules":["list",["object",{"compartment_id":"string","description":"string","details":["list",["object",{"condition":"string","configurations":["list",["object",{"config_key":"string","name":"string","value":"string"}]],"is_enabled":"bool","mode":"string"}]],"display_name":"string","lifecycle_details":"string","policies":["list","string"],"responder_rule_id":"string","state":"string","supported_modes":["list","string"],"time_created":"string","time_updated":"string","type":"string"}]],"id":"string","owner":"string","responder_recipe_id":"string","responder_rules":["list",["object",{"compartment_id":"string","description":"string","details":["list",["object",{"condition":"string","configurations":["list",["object",{"config_key":"string","name":"string","value":"string"}]],"is_enabled":"bool","mode":"string"}]],"display_name":"string","lifecycle_details":"string","policies":["list","string"],"responder_rule_id":"string","state":"string","supported_modes":["list","string"],"time_created":"string","time_updated":"string","type":"string"}]],"time_created":"string","time_updated":"string"}]],"description_kind":"plain","computed":true},"time_created":{"type":"string","description_kind":"plain","computed":true},"time_updated":{"type":"string","description_kind":"plain","computed":true}},"description_kind":"plain"}},"oci_cloud_guard_targets":{"version":0,"block":{"attributes":{"access_level":{"type":"string","description_kind":"plain","optional":true},"compartment_id":{"type":"string","description_kind":"plain","required":true},"compartment_id_in_subtree":{"type":"bool","description_kind":"plain","optional":true},"display_name":{"type":"string","description_kind":"plain","optional":true},"id":{"type":"string","description_kind":"plain","optional":true,"computed":true},"state":{"type":"string","description_kind":"plain","optional":true},"target_collection":{"type":["list",["object",{"items":["list",["object",{"compartment_id":"string","defined_tags":["map","string"],"description":"string","display_name":"string","freeform_tags":["map","string"],"id":"string","inherited_by_compartments":["list","string"],"lifecyle_details":"string","recipe_count":"number","state":"string","system_tags":["map","string"],"target_detector_recipes":["list",["object",{"compartment_id":"string","description":"string","detector":"string","detector_recipe_id":"string","detector_rules":["list",["object",{"description":"string","details":["list",["object",{"condition_groups":["list",["object",{"compartment_id":"string","condition":"string"}]],"configurations":["list",["object",{"config_key":"string","data_type":"string","name":"string","value":"string","values":["list",["object",{"list_type":"string","managed_list_type":"string","value":"string"}]]}]],"is_configuration_allowed":"bool","is_enabled":"bool","labels":["list","string"],"risk_level":"string"}]],"detector":"string","detector_rule_id":"string","display_name":"string","lifecycle_details":"string","managed_list_types":["list","string"],"recommendation":"string","resource_type":"string","service_type":"string","state":"string","time_created":"string","time_updated":"string"}]],"display_name":"string","effective_detector_rules":["list",["object",{"description":"string","details":["list",["object",{"condition_groups":["list",["object",{"compartment_id":"string","condition":"string"}]],"configurations":["list",["object",{"config_key":"string","data_type":"string","name":"string","value":"string","values":["list",["object",{"list_type":"string","managed_list_type":"string","value":"string"}]]}]],"is_configuration_allowed":"bool","is_enabled":"bool","labels":["list","string"],"risk_level":"string"}]],"detector":"string","detector_rule_id":"string","display_name":"string","lifecycle_details":"string","managed_list_types":["list","string"],"recommendation":"string","resource_type":"string","service_type":"string","state":"string","time_created":"string","time_updated":"string"}]],"id":"string","owner":"string","state":"string","time_created":"string","time_updated":"string"}]],"target_resource_id":"string","target_resource_type":"string","target_responder_recipes":["list",["object",{"compartment_id":"string","description":"string","display_name":"string","effective_responder_rules":["list",["object",{"compartment_id":"string","description":"string","details":["list",["object",{"condition":"string","configurations":["list",["object",{"config_key":"string","name":"string","value":"string"}]],"is_enabled":"bool","mode":"string"}]],"display_name":"string","lifecycle_details":"string","policies":["list","string"],"responder_rule_id":"string","state":"string","supported_modes":["list","string"],"time_created":"string","time_updated":"string","type":"string"}]],"id":"string","owner":"string","responder_recipe_id":"string","responder_rules":["list",["object",{"compartment_id":"string","description":"string","details":["list",["object",{"condition":"string","configurations":["list",["object",{"config_key":"string","name":"string","value":"string"}]],"is_enabled":"bool","mode":"string"}]],"display_name":"string","lifecycle_details":"string","policies":["list","string"],"responder_rule_id":"string","state":"string","supported_modes":["list","string"],"time_created":"string","time_updated":"string","type":"string"}]],"time_created":"string","time_updated":"string"}]],"time_created":"string","time_updated":"string"}]]}]],"description_kind":"plain","computed":true}},"block_types":{"filter":{"nesting_mode":"set","block":{"attributes":{"name":{"type":"string","description_kind":"plain","required":true},"regex":{"type":"bool","description_kind":"plain","optional":true},"values":{"type":["list","string"],"description_kind":"plain","required":true}},"description_kind":"plain"}}},"description_kind":"plain"}},"oci_containerengine_cluster_kube_config":{"version":0,"block":{"attributes":{"cluster_id":{"type":"string","description_kind":"plain","required":true},"content":{"type":"string","description_kind":"plain","computed":true},"expiration":{"type":"number","description_kind":"plain","optional":true},"id":{"type":"string","description_kind":"plain","optional":true,"computed":true},"token_version":{"type":"string","description_kind":"plain","optional":true}},"description_kind":"plain"}},"oci_containerengine_cluster_option":{"version":0,"block":{"attributes":{"cluster_option_id":{"type":"string","description_kind":"plain","required":true},"compartment_id":{"type":"string","description_kind":"plain","optional":true},"id":{"type":"string","description_kind":"plain","optional":true,"computed":true},"kubernetes_versions":{"type":["list","string"],"description_kind":"plain","computed":true}},"description_kind":"plain"}},"oci_containerengine_clusters":{"version":0,"block":{"attributes":{"clusters":{"type":["list",["object",{"available_kubernetes_upgrades":["list","string"],"compartment_id":"string","endpoints":["list",["object",{"kubernetes":"string"}]],"id":"string","kms_key_id":"string","kubernetes_version":"string","lifecycle_details":"string","metadata":["list",["object",{"created_by_user_id":"string","created_by_work_request_id":"string","deleted_by_user_id":"string","deleted_by_work_request_id":"string","time_created":"string","time_deleted":"string","time_updated":"string","updated_by_user_id":"string","updated_by_work_request_id":"string"}]],"name":"string","options":["list",["object",{"add_ons":["list",["object",{"is_kubernetes_dashboard_enabled":"bool","is_tiller_enabled":"bool"}]],"admission_controller_options":["list",["object",{"is_pod_security_policy_enabled":"bool"}]],"kubernetes_network_config":["list",["object",{"pods_cidr":"string","services_cidr":"string"}]],"service_lb_subnet_ids":["list","string"]}]],"state":"string","vcn_id":"string"}]],"description_kind":"plain","computed":true},"compartment_id":{"type":"string","description_kind":"plain","required":true},"id":{"type":"string","description_kind":"plain","optional":true,"computed":true},"name":{"type":"string","description_kind":"plain","optional":true},"state":{"type":["list","string"],"description_kind":"plain","optional":true}},"block_types":{"filter":{"nesting_mode":"set","block":{"attributes":{"name":{"type":"string","description_kind":"plain","required":true},"regex":{"type":"bool","description_kind":"plain","optional":true},"values":{"type":["list","string"],"description_kind":"plain","required":true}},"description_kind":"plain"}}},"description_kind":"plain"}},"oci_containerengine_node_pool":{"version":0,"block":{"attributes":{"cluster_id":{"type":"string","description_kind":"plain","computed":true},"compartment_id":{"type":"string","description_kind":"plain","computed":true},"id":{"type":"string","description_kind":"plain","computed":true},"initial_node_labels":{"type":["list",["object",{"key":"string","value":"string"}]],"description_kind":"plain","computed":true},"kubernetes_version":{"type":"string","description_kind":"plain","computed":true},"name":{"type":"string","description_kind":"plain","computed":true},"node_config_details":{"type":["list",["object",{"placement_configs":["list",["object",{"availability_domain":"string","subnet_id":"string"}]],"size":"number"}]],"description_kind":"plain","computed":true},"node_image_id":{"type":"string","description_kind":"plain","computed":true},"node_image_name":{"type":"string","description_kind":"plain","computed":true},"node_metadata":{"type":["map","string"],"description_kind":"plain","computed":true},"node_pool_id":{"type":"string","description_kind":"plain","required":true},"node_shape":{"type":"string","description_kind":"plain","computed":true},"node_shape_config":{"type":["list",["object",{"ocpus":"number"}]],"description_kind":"plain","computed":true},"node_source":{"type":["list",["object",{"image_id":"string","source_name":"string","source_type":"string"}]],"description_kind":"plain","computed":true},"node_source_details":{"type":["list",["object",{"boot_volume_size_in_gbs":"string","image_id":"string","source_type":"string"}]],"description_kind":"plain","computed":true},"nodes":{"type":["list",["object",{"availability_domain":"string","error":["list",["object",{"code":"string","message":"string","status":"string"}]],"fault_domain":"string","id":"string","kubernetes_version":"string","lifecycle_details":"string","name":"string","node_pool_id":"string","private_ip":"string","public_ip":"string","state":"string","subnet_id":"string"}]],"description_kind":"plain","computed":true},"quantity_per_subnet":{"type":"number","description_kind":"plain","computed":true},"ssh_public_key":{"type":"string","description_kind":"plain","computed":true},"subnet_ids":{"type":["list","string"],"description_kind":"plain","computed":true}},"description_kind":"plain"}},"oci_containerengine_node_pool_option":{"version":0,"block":{"attributes":{"compartment_id":{"type":"string","description_kind":"plain","optional":true},"id":{"type":"string","description_kind":"plain","optional":true,"computed":true},"images":{"type":["list","string"],"description_kind":"plain","computed":true},"kubernetes_versions":{"type":["list","string"],"description_kind":"plain","computed":true},"node_pool_option_id":{"type":"string","description_kind":"plain","required":true},"shapes":{"type":["list","string"],"description_kind":"plain","computed":true},"sources":{"type":["list",["object",{"image_id":"string","source_name":"string","source_type":"string"}]],"description_kind":"plain","computed":true}},"description_kind":"plain"}},"oci_containerengine_node_pools":{"version":0,"block":{"attributes":{"cluster_id":{"type":"string","description_kind":"plain","optional":true},"compartment_id":{"type":"string","description_kind":"plain","required":true},"id":{"type":"string","description_kind":"plain","optional":true,"computed":true},"name":{"type":"string","description_kind":"plain","optional":true},"node_pools":{"type":["list",["object",{"cluster_id":"string","compartment_id":"string","id":"string","initial_node_labels":["list",["object",{"key":"string","value":"string"}]],"kubernetes_version":"string","name":"string","node_config_details":["list",["object",{"placement_configs":["list",["object",{"availability_domain":"string","subnet_id":"string"}]],"size":"number"}]],"node_image_id":"string","node_image_name":"string","node_metadata":["map","string"],"node_pool_id":"string","node_shape":"string","node_shape_config":["list",["object",{"ocpus":"number"}]],"node_source":["list",["object",{"image_id":"string","source_name":"string","source_type":"string"}]],"node_source_details":["list",["object",{"boot_volume_size_in_gbs":"string","image_id":"string","source_type":"string"}]],"nodes":["list",["object",{"availability_domain":"string","error":["list",["object",{"code":"string","message":"string","status":"string"}]],"fault_domain":"string","id":"string","kubernetes_version":"string","lifecycle_details":"string","name":"string","node_pool_id":"string","private_ip":"string","public_ip":"string","state":"string","subnet_id":"string"}]],"quantity_per_subnet":"number","ssh_public_key":"string","subnet_ids":["list","string"]}]],"description_kind":"plain","computed":true}},"block_types":{"filter":{"nesting_mode":"set","block":{"attributes":{"name":{"type":"string","description_kind":"plain","required":true},"regex":{"type":"bool","description_kind":"plain","optional":true},"values":{"type":["list","string"],"description_kind":"plain","required":true}},"description_kind":"plain"}}},"description_kind":"plain"}},"oci_containerengine_work_request_errors":{"version":0,"block":{"attributes":{"compartment_id":{"type":"string","description_kind":"plain","required":true},"id":{"type":"string","description_kind":"plain","optional":true,"computed":true},"work_request_errors":{"type":["list",["object",{"code":"string","message":"string","timestamp":"string"}]],"description_kind":"plain","computed":true},"work_request_id":{"type":"string","description_kind":"plain","required":true}},"block_types":{"filter":{"nesting_mode":"set","block":{"attributes":{"name":{"type":"string","description_kind":"plain","required":true},"regex":{"type":"bool","description_kind":"plain","optional":true},"values":{"type":["list","string"],"description_kind":"plain","required":true}},"description_kind":"plain"}}},"description_kind":"plain"}},"oci_containerengine_work_request_log_entries":{"version":0,"block":{"attributes":{"compartment_id":{"type":"string","description_kind":"plain","required":true},"id":{"type":"string","description_kind":"plain","optional":true,"computed":true},"work_request_id":{"type":"string","description_kind":"plain","required":true},"work_request_log_entries":{"type":["list",["object",{"message":"string","timestamp":"string"}]],"description_kind":"plain","computed":true}},"block_types":{"filter":{"nesting_mode":"set","block":{"attributes":{"name":{"type":"string","description_kind":"plain","required":true},"regex":{"type":"bool","description_kind":"plain","optional":true},"values":{"type":["list","string"],"description_kind":"plain","required":true}},"description_kind":"plain"}}},"description_kind":"plain"}},"oci_containerengine_work_requests":{"version":0,"block":{"attributes":{"cluster_id":{"type":"string","description_kind":"plain","optional":true},"compartment_id":{"type":"string","description_kind":"plain","required":true},"id":{"type":"string","description_kind":"plain","optional":true,"computed":true},"resource_id":{"type":"string","description_kind":"plain","optional":true},"resource_type":{"type":"string","description_kind":"plain","optional":true},"status":{"type":["list","string"],"description_kind":"plain","optional":true},"work_requests":{"type":["list",["object",{"compartment_id":"string","id":"string","operation_type":"string","resources":["list",["object",{"action_type":"string","entity_type":"string","entity_uri":"string","identifier":"string"}]],"status":"string","time_accepted":"string","time_finished":"string","time_started":"string"}]],"description_kind":"plain","computed":true}},"block_types":{"filter":{"nesting_mode":"set","block":{"attributes":{"name":{"type":"string","description_kind":"plain","required":true},"regex":{"type":"bool","description_kind":"plain","optional":true},"values":{"type":["list","string"],"description_kind":"plain","required":true}},"description_kind":"plain"}}},"description_kind":"plain"}},"oci_core_app_catalog_listing":{"version":0,"block":{"attributes":{"contact_url":{"type":"string","description_kind":"plain","computed":true},"description":{"type":"string","description_kind":"plain","computed":true},"display_name":{"type":"string","description_kind":"plain","computed":true},"id":{"type":"string","description_kind":"plain","optional":true,"computed":true},"listing_id":{"type":"string","description_kind":"plain","required":true},"publisher_logo_url":{"type":"string","description_kind":"plain","computed":true},"publisher_name":{"type":"string","description_kind":"plain","computed":true},"summary":{"type":"string","description_kind":"plain","computed":true},"time_published":{"type":"string","description_kind":"plain","computed":true}},"description_kind":"plain"}},"oci_core_app_catalog_listing_resource_version":{"version":0,"block":{"attributes":{"accessible_ports":{"type":["list","number"],"description_kind":"plain","computed":true},"allowed_actions":{"type":["list","string"],"description_kind":"plain","computed":true},"available_regions":{"type":["list","string"],"description_kind":"plain","computed":true},"compatible_shapes":{"type":["list","string"],"description_kind":"plain","computed":true},"id":{"type":"string","description_kind":"plain","optional":true,"computed":true},"listing_id":{"type":"string","description_kind":"plain","required":true},"listing_resource_id":{"type":"string","description_kind":"plain","computed":true},"listing_resource_version":{"type":"string","description_kind":"plain","computed":true},"resource_version":{"type":"string","description_kind":"plain","required":true},"time_published":{"type":"string","description_kind":"plain","computed":true}},"description_kind":"plain"}},"oci_core_app_catalog_listing_resource_versions":{"version":0,"block":{"attributes":{"app_catalog_listing_resource_versions":{"type":["list",["object",{"accessible_ports":["list","number"],"allowed_actions":["list","string"],"available_regions":["list","string"],"compatible_shapes":["list","string"],"listing_id":"string","listing_resource_id":"string","listing_resource_version":"string","time_published":"string"}]],"description_kind":"plain","computed":true},"id":{"type":"string","description_kind":"plain","optional":true,"computed":true},"listing_id":{"type":"string","description_kind":"plain","required":true}},"block_types":{"filter":{"nesting_mode":"set","block":{"attributes":{"name":{"type":"string","description_kind":"plain","required":true},"regex":{"type":"bool","description_kind":"plain","optional":true},"values":{"type":["list","string"],"description_kind":"plain","required":true}},"description_kind":"plain"}}},"description_kind":"plain"}},"oci_core_app_catalog_listings":{"version":0,"block":{"attributes":{"app_catalog_listings":{"type":["list",["object",{"contact_url":"string","description":"string","display_name":"string","listing_id":"string","publisher_logo_url":"string","publisher_name":"string","summary":"string","time_published":"string"}]],"description_kind":"plain","computed":true},"display_name":{"type":"string","description_kind":"plain","optional":true},"id":{"type":"string","description_kind":"plain","optional":true,"computed":true},"publisher_name":{"type":"string","description_kind":"plain","optional":true},"publisher_type":{"type":"string","description_kind":"plain","optional":true}},"block_types":{"filter":{"nesting_mode":"set","block":{"attributes":{"name":{"type":"string","description_kind":"plain","required":true},"regex":{"type":"bool","description_kind":"plain","optional":true},"values":{"type":["list","string"],"description_kind":"plain","required":true}},"description_kind":"plain"}}},"description_kind":"plain"}},"oci_core_app_catalog_subscriptions":{"version":0,"block":{"attributes":{"app_catalog_subscriptions":{"type":["list",["object",{"compartment_id":"string","display_name":"string","eula_link":"string","listing_id":"string","listing_resource_id":"string","listing_resource_version":"string","oracle_terms_of_use_link":"string","publisher_name":"string","signature":"string","summary":"string","time_created":"string","time_retrieved":"string"}]],"description_kind":"plain","computed":true},"compartment_id":{"type":"string","description_kind":"plain","required":true},"id":{"type":"string","description_kind":"plain","optional":true,"computed":true},"listing_id":{"type":"string","description_kind":"plain","optional":true}},"block_types":{"filter":{"nesting_mode":"set","block":{"attributes":{"name":{"type":"string","description_kind":"plain","required":true},"regex":{"type":"bool","description_kind":"plain","optional":true},"values":{"type":["list","string"],"description_kind":"plain","required":true}},"description_kind":"plain"}}},"description_kind":"plain"}},"oci_core_boot_volume":{"version":0,"block":{"attributes":{"auto_tuned_vpus_per_gb":{"type":"string","description_kind":"plain","computed":true},"availability_domain":{"type":"string","description_kind":"plain","computed":true},"backup_policy_id":{"type":"string","description_kind":"plain","computed":true},"boot_volume_id":{"type":"string","description_kind":"plain","required":true},"compartment_id":{"type":"string","description_kind":"plain","computed":true},"defined_tags":{"type":["map","string"],"description_kind":"plain","computed":true},"display_name":{"type":"string","description_kind":"plain","computed":true},"freeform_tags":{"type":["map","string"],"description_kind":"plain","computed":true},"id":{"type":"string","description_kind":"plain","computed":true},"image_id":{"type":"string","description_kind":"plain","computed":true},"is_auto_tune_enabled":{"type":"bool","description_kind":"plain","computed":true},"is_hydrated":{"type":"bool","description_kind":"plain","computed":true},"kms_key_id":{"type":"string","description_kind":"plain","computed":true},"size_in_gbs":{"type":"string","description_kind":"plain","computed":true},"size_in_mbs":{"type":"string","description_kind":"plain","computed":true},"source_details":{"type":["list",["object",{"id":"string","type":"string"}]],"description_kind":"plain","computed":true},"state":{"type":"string","description_kind":"plain","computed":true},"system_tags":{"type":["map","string"],"description_kind":"plain","computed":true},"time_created":{"type":"string","description_kind":"plain","computed":true},"volume_group_id":{"type":"string","description_kind":"plain","computed":true},"vpus_per_gb":{"type":"string","description_kind":"plain","computed":true}},"description_kind":"plain"}},"oci_core_boot_volume_attachments":{"version":0,"block":{"attributes":{"availability_domain":{"type":"string","description_kind":"plain","required":true},"boot_volume_attachments":{"type":["list",["object",{"availability_domain":"string","boot_volume_id":"string","compartment_id":"string","display_name":"string","id":"string","instance_id":"string","is_pv_encryption_in_transit_enabled":"bool","state":"string","time_created":"string"}]],"description_kind":"plain","computed":true},"boot_volume_id":{"type":"string","description_kind":"plain","optional":true},"compartment_id":{"type":"string","description_kind":"plain","required":true},"id":{"type":"string","description_kind":"plain","optional":true,"computed":true},"instance_id":{"type":"string","description_kind":"plain","optional":true}},"block_types":{"filter":{"nesting_mode":"set","block":{"attributes":{"name":{"type":"string","description_kind":"plain","required":true},"regex":{"type":"bool","description_kind":"plain","optional":true},"values":{"type":["list","string"],"description_kind":"plain","required":true}},"description_kind":"plain"}}},"description_kind":"plain"}},"oci_core_boot_volume_backup":{"version":0,"block":{"attributes":{"boot_volume_backup_id":{"type":"string","description_kind":"plain","required":true},"boot_volume_id":{"type":"string","description_kind":"plain","computed":true},"compartment_id":{"type":"string","description_kind":"plain","computed":true},"defined_tags":{"type":["map","string"],"description_kind":"plain","computed":true},"display_name":{"type":"string","description_kind":"plain","computed":true},"expiration_time":{"type":"string","description_kind":"plain","computed":true},"freeform_tags":{"type":["map","string"],"description_kind":"plain","computed":true},"id":{"type":"string","description_kind":"plain","computed":true},"image_id":{"type":"string","description_kind":"plain","computed":true},"kms_key_id":{"type":"string","description_kind":"plain","computed":true},"size_in_gbs":{"type":"string","description_kind":"plain","computed":true},"source_boot_volume_backup_id":{"type":"string","description_kind":"plain","computed":true},"source_details":{"type":["list",["object",{"boot_volume_backup_id":"string","kms_key_id":"string","region":"string"}]],"description_kind":"plain","computed":true},"source_type":{"type":"string","description_kind":"plain","computed":true},"state":{"type":"string","description_kind":"plain","computed":true},"system_tags":{"type":["map","string"],"description_kind":"plain","computed":true},"time_created":{"type":"string","description_kind":"plain","computed":true},"time_request_received":{"type":"string","description_kind":"plain","computed":true},"type":{"type":"string","description_kind":"plain","computed":true},"unique_size_in_gbs":{"type":"string","description_kind":"plain","computed":true}},"description_kind":"plain"}},"oci_core_boot_volume_backups":{"version":0,"block":{"attributes":{"boot_volume_backups":{"type":["list",["object",{"boot_volume_id":"string","compartment_id":"string","defined_tags":["map","string"],"display_name":"string","expiration_time":"string","freeform_tags":["map","string"],"id":"string","image_id":"string","kms_key_id":"string","size_in_gbs":"string","source_boot_volume_backup_id":"string","source_details":["list",["object",{"boot_volume_backup_id":"string","kms_key_id":"string","region":"string"}]],"source_type":"string","state":"string","system_tags":["map","string"],"time_created":"string","time_request_received":"string","type":"string","unique_size_in_gbs":"string"}]],"description_kind":"plain","computed":true},"boot_volume_id":{"type":"string","description_kind":"plain","optional":true},"compartment_id":{"type":"string","description_kind":"plain","required":true},"display_name":{"type":"string","description_kind":"plain","optional":true},"id":{"type":"string","description_kind":"plain","optional":true,"computed":true},"source_boot_volume_backup_id":{"type":"string","description_kind":"plain","optional":true},"state":{"type":"string","description_kind":"plain","optional":true}},"block_types":{"filter":{"nesting_mode":"set","block":{"attributes":{"name":{"type":"string","description_kind":"plain","required":true},"regex":{"type":"bool","description_kind":"plain","optional":true},"values":{"type":["list","string"],"description_kind":"plain","required":true}},"description_kind":"plain"}}},"description_kind":"plain"}},"oci_core_boot_volumes":{"version":0,"block":{"attributes":{"availability_domain":{"type":"string","description_kind":"plain","required":true},"boot_volumes":{"type":["list",["object",{"auto_tuned_vpus_per_gb":"string","availability_domain":"string","backup_policy_id":"string","compartment_id":"string","defined_tags":["map","string"],"display_name":"string","freeform_tags":["map","string"],"id":"string","image_id":"string","is_auto_tune_enabled":"bool","is_hydrated":"bool","kms_key_id":"string","size_in_gbs":"string","size_in_mbs":"string","source_details":["list",["object",{"id":"string","type":"string"}]],"state":"string","system_tags":["map","string"],"time_created":"string","volume_group_id":"string","vpus_per_gb":"string"}]],"description_kind":"plain","computed":true},"compartment_id":{"type":"string","description_kind":"plain","required":true},"id":{"type":"string","description_kind":"plain","optional":true,"computed":true},"volume_group_id":{"type":"string","description_kind":"plain","optional":true}},"block_types":{"filter":{"nesting_mode":"set","block":{"attributes":{"name":{"type":"string","description_kind":"plain","required":true},"regex":{"type":"bool","description_kind":"plain","optional":true},"values":{"type":["list","string"],"description_kind":"plain","required":true}},"description_kind":"plain"}}},"description_kind":"plain"}},"oci_core_cluster_network":{"version":0,"block":{"attributes":{"cluster_network_id":{"type":"string","description_kind":"plain","required":true},"compartment_id":{"type":"string","description_kind":"plain","computed":true},"defined_tags":{"type":["map","string"],"description_kind":"plain","computed":true},"display_name":{"type":"string","description_kind":"plain","computed":true},"freeform_tags":{"type":["map","string"],"description_kind":"plain","computed":true},"id":{"type":"string","description_kind":"plain","computed":true},"instance_pools":{"type":["list",["object",{"compartment_id":"string","defined_tags":["map","string"],"display_name":"string","freeform_tags":["map","string"],"id":"string","instance_configuration_id":"string","load_balancers":["list",["object",{"backend_set_name":"string","id":"string","instance_pool_id":"string","load_balancer_id":"string","port":"number","state":"string","vnic_selection":"string"}]],"placement_configurations":["list",["object",{"availability_domain":"string","fault_domains":["list","string"],"primary_subnet_id":"string","secondary_vnic_subnets":["list",["object",{"display_name":"string","subnet_id":"string"}]]}]],"size":"number","state":"string","time_created":"string"}]],"description_kind":"plain","computed":true},"placement_configuration":{"type":["list",["object",{"availability_domain":"string","primary_subnet_id":"string","secondary_vnic_subnets":["list",["object",{"display_name":"string","subnet_id":"string"}]]}]],"description_kind":"plain","computed":true},"state":{"type":"string","description_kind":"plain","computed":true},"time_created":{"type":"string","description_kind":"plain","computed":true},"time_updated":{"type":"string","description_kind":"plain","computed":true}},"description_kind":"plain"}},"oci_core_cluster_network_instances":{"version":0,"block":{"attributes":{"cluster_network_id":{"type":"string","description_kind":"plain","required":true},"compartment_id":{"type":"string","description_kind":"plain","required":true},"display_name":{"type":"string","description_kind":"plain","optional":true},"id":{"type":"string","description_kind":"plain","optional":true,"computed":true},"instances":{"type":["list",["object",{"availability_domain":"string","compartment_id":"string","display_name":"string","fault_domain":"string","id":"string","instance_configuration_id":"string","load_balancer_backends":["list",["object",{"backend_health_status":"string","backend_name":"string","backend_set_name":"string","load_balancer_id":"string","state":"string"}]],"region":"string","shape":"string","state":"string","time_created":"string"}]],"description_kind":"plain","computed":true}},"block_types":{"filter":{"nesting_mode":"set","block":{"attributes":{"name":{"type":"string","description_kind":"plain","required":true},"regex":{"type":"bool","description_kind":"plain","optional":true},"values":{"type":["list","string"],"description_kind":"plain","required":true}},"description_kind":"plain"}}},"description_kind":"plain"}},"oci_core_cluster_networks":{"version":0,"block":{"attributes":{"cluster_networks":{"type":["list",["object",{"compartment_id":"string","defined_tags":["map","string"],"display_name":"string","freeform_tags":["map","string"],"id":"string","instance_pools":["list",["object",{"compartment_id":"string","defined_tags":["map","string"],"display_name":"string","freeform_tags":["map","string"],"id":"string","instance_configuration_id":"string","load_balancers":["list",["object",{"backend_set_name":"string","id":"string","instance_pool_id":"string","load_balancer_id":"string","port":"number","state":"string","vnic_selection":"string"}]],"placement_configurations":["list",["object",{"availability_domain":"string","fault_domains":["list","string"],"primary_subnet_id":"string","secondary_vnic_subnets":["list",["object",{"display_name":"string","subnet_id":"string"}]]}]],"size":"number","state":"string","time_created":"string"}]],"placement_configuration":["list",["object",{"availability_domain":"string","primary_subnet_id":"string","secondary_vnic_subnets":["list",["object",{"display_name":"string","subnet_id":"string"}]]}]],"state":"string","time_created":"string","time_updated":"string"}]],"description_kind":"plain","computed":true},"compartment_id":{"type":"string","description_kind":"plain","required":true},"display_name":{"type":"string","description_kind":"plain","optional":true},"id":{"type":"string","description_kind":"plain","optional":true,"computed":true},"state":{"type":"string","description_kind":"plain","optional":true}},"block_types":{"filter":{"nesting_mode":"set","block":{"attributes":{"name":{"type":"string","description_kind":"plain","required":true},"regex":{"type":"bool","description_kind":"plain","optional":true},"values":{"type":["list","string"],"description_kind":"plain","required":true}},"description_kind":"plain"}}},"description_kind":"plain"}},"oci_core_compute_global_image_capability_schema":{"version":0,"block":{"attributes":{"compartment_id":{"type":"string","description_kind":"plain","computed":true},"compute_global_image_capability_schema_id":{"type":"string","description_kind":"plain","required":true},"current_version_name":{"type":"string","description_kind":"plain","computed":true},"defined_tags":{"type":["map","string"],"description_kind":"plain","computed":true},"display_name":{"type":"string","description_kind":"plain","computed":true},"freeform_tags":{"type":["map","string"],"description_kind":"plain","computed":true},"id":{"type":"string","description_kind":"plain","optional":true,"computed":true},"time_created":{"type":"string","description_kind":"plain","computed":true}},"description_kind":"plain"}},"oci_core_compute_global_image_capability_schemas":{"version":0,"block":{"attributes":{"compartment_id":{"type":"string","description_kind":"plain","optional":true},"compute_global_image_capability_schemas":{"type":["list",["object",{"compartment_id":"string","current_version_name":"string","defined_tags":["map","string"],"display_name":"string","freeform_tags":["map","string"],"id":"string","time_created":"string"}]],"description_kind":"plain","computed":true},"display_name":{"type":"string","description_kind":"plain","optional":true},"id":{"type":"string","description_kind":"plain","optional":true,"computed":true}},"block_types":{"filter":{"nesting_mode":"set","block":{"attributes":{"name":{"type":"string","description_kind":"plain","required":true},"regex":{"type":"bool","description_kind":"plain","optional":true},"values":{"type":["list","string"],"description_kind":"plain","required":true}},"description_kind":"plain"}}},"description_kind":"plain"}},"oci_core_compute_global_image_capability_schemas_version":{"version":0,"block":{"attributes":{"compute_global_image_capability_schema_id":{"type":"string","description_kind":"plain","required":true},"compute_global_image_capability_schema_version_name":{"type":"string","description_kind":"plain","required":true},"display_name":{"type":"string","description_kind":"plain","computed":true},"id":{"type":"string","description_kind":"plain","optional":true,"computed":true},"name":{"type":"string","description_kind":"plain","computed":true},"schema_data":{"type":["map","string"],"description_kind":"plain","computed":true},"time_created":{"type":"string","description_kind":"plain","computed":true}},"description_kind":"plain"}},"oci_core_compute_global_image_capability_schemas_versions":{"version":0,"block":{"attributes":{"compute_global_image_capability_schema_id":{"type":"string","description_kind":"plain","required":true},"compute_global_image_capability_schema_versions":{"type":["list",["object",{"compute_global_image_capability_schema_id":"string","display_name":"string","name":"string","schema_data":["map","string"],"time_created":"string"}]],"description_kind":"plain","computed":true},"display_name":{"type":"string","description_kind":"plain","optional":true},"id":{"type":"string","description_kind":"plain","optional":true,"computed":true}},"block_types":{"filter":{"nesting_mode":"set","block":{"attributes":{"name":{"type":"string","description_kind":"plain","required":true},"regex":{"type":"bool","description_kind":"plain","optional":true},"values":{"type":["list","string"],"description_kind":"plain","required":true}},"description_kind":"plain"}}},"description_kind":"plain"}},"oci_core_compute_image_capability_schema":{"version":0,"block":{"attributes":{"compartment_id":{"type":"string","description_kind":"plain","computed":true},"compute_global_image_capability_schema_id":{"type":"string","description_kind":"plain","computed":true},"compute_global_image_capability_schema_version_name":{"type":"string","description_kind":"plain","computed":true},"compute_image_capability_schema_id":{"type":"string","description_kind":"plain","required":true},"defined_tags":{"type":["map","string"],"description_kind":"plain","computed":true},"display_name":{"type":"string","description_kind":"plain","computed":true},"freeform_tags":{"type":["map","string"],"description_kind":"plain","computed":true},"id":{"type":"string","description_kind":"plain","computed":true},"image_id":{"type":"string","description_kind":"plain","computed":true},"is_merge_enabled":{"type":"string","description_kind":"plain","optional":true},"schema_data":{"type":["map","string"],"description_kind":"plain","computed":true},"time_created":{"type":"string","description_kind":"plain","computed":true}},"description_kind":"plain"}},"oci_core_compute_image_capability_schemas":{"version":0,"block":{"attributes":{"compartment_id":{"type":"string","description_kind":"plain","optional":true},"compute_image_capability_schemas":{"type":["list",["object",{"compartment_id":"string","compute_global_image_capability_schema_id":"string","compute_global_image_capability_schema_version_name":"string","defined_tags":["map","string"],"display_name":"string","freeform_tags":["map","string"],"id":"string","image_id":"string","schema_data":["map","string"],"time_created":"string"}]],"description_kind":"plain","computed":true},"display_name":{"type":"string","description_kind":"plain","optional":true},"id":{"type":"string","description_kind":"plain","optional":true,"computed":true},"image_id":{"type":"string","description_kind":"plain","optional":true}},"block_types":{"filter":{"nesting_mode":"set","block":{"attributes":{"name":{"type":"string","description_kind":"plain","required":true},"regex":{"type":"bool","description_kind":"plain","optional":true},"values":{"type":["list","string"],"description_kind":"plain","required":true}},"description_kind":"plain"}}},"description_kind":"plain"}},"oci_core_console_histories":{"version":0,"block":{"attributes":{"availability_domain":{"type":"string","description_kind":"plain","optional":true},"compartment_id":{"type":"string","description_kind":"plain","required":true},"console_histories":{"type":["list",["object",{"availability_domain":"string","compartment_id":"string","defined_tags":["map","string"],"display_name":"string","freeform_tags":["map","string"],"id":"string","instance_id":"string","state":"string","time_created":"string"}]],"description_kind":"plain","computed":true},"id":{"type":"string","description_kind":"plain","optional":true,"computed":true},"instance_id":{"type":"string","description_kind":"plain","optional":true},"state":{"type":"string","description_kind":"plain","optional":true}},"block_types":{"filter":{"nesting_mode":"set","block":{"attributes":{"name":{"type":"string","description_kind":"plain","required":true},"regex":{"type":"bool","description_kind":"plain","optional":true},"values":{"type":["list","string"],"description_kind":"plain","required":true}},"description_kind":"plain"}}},"description_kind":"plain"}},"oci_core_console_history_data":{"version":0,"block":{"attributes":{"console_history_id":{"type":"string","description_kind":"plain","required":true},"data":{"type":"string","description_kind":"plain","computed":true},"id":{"type":"string","description_kind":"plain","optional":true,"computed":true},"length":{"type":"number","description_kind":"plain","optional":true},"offset":{"type":"number","description_kind":"plain","optional":true}},"description_kind":"plain"}},"oci_core_cpe_device_shape":{"version":0,"block":{"attributes":{"cpe_device_info":{"type":["list",["object",{"platform_software_version":"string","vendor":"string"}]],"description_kind":"plain","computed":true},"cpe_device_shape_id":{"type":"string","description_kind":"plain","required":true},"id":{"type":"string","description_kind":"plain","optional":true,"computed":true},"parameters":{"type":["list",["object",{"display_name":"string","explanation":"string","key":"string"}]],"description_kind":"plain","computed":true},"template":{"type":"string","description_kind":"plain","computed":true}},"description_kind":"plain"}},"oci_core_cpe_device_shapes":{"version":0,"block":{"attributes":{"cpe_device_shapes":{"type":["list",["object",{"cpe_device_info":["list",["object",{"platform_software_version":"string","vendor":"string"}]],"cpe_device_shape_id":"string","template":"string"}]],"description_kind":"plain","computed":true},"id":{"type":"string","description_kind":"plain","optional":true,"computed":true}},"block_types":{"filter":{"nesting_mode":"set","block":{"attributes":{"name":{"type":"string","description_kind":"plain","required":true},"regex":{"type":"bool","description_kind":"plain","optional":true},"values":{"type":["list","string"],"description_kind":"plain","required":true}},"description_kind":"plain"}}},"description_kind":"plain"}},"oci_core_cpes":{"version":0,"block":{"attributes":{"compartment_id":{"type":"string","description_kind":"plain","required":true},"cpes":{"type":["list",["object",{"compartment_id":"string","cpe_device_shape_id":"string","defined_tags":["map","string"],"display_name":"string","freeform_tags":["map","string"],"id":"string","ip_address":"string","time_created":"string"}]],"description_kind":"plain","computed":true},"id":{"type":"string","description_kind":"plain","optional":true,"computed":true}},"block_types":{"filter":{"nesting_mode":"set","block":{"attributes":{"name":{"type":"string","description_kind":"plain","required":true},"regex":{"type":"bool","description_kind":"plain","optional":true},"values":{"type":["list","string"],"description_kind":"plain","required":true}},"description_kind":"plain"}}},"description_kind":"plain"}},"oci_core_cross_connect":{"version":0,"block":{"attributes":{"compartment_id":{"type":"string","description_kind":"plain","computed":true},"cross_connect_group_id":{"type":"string","description_kind":"plain","computed":true},"cross_connect_id":{"type":"string","description_kind":"plain","required":true},"customer_reference_name":{"type":"string","description_kind":"plain","computed":true},"defined_tags":{"type":["map","string"],"description_kind":"plain","computed":true},"display_name":{"type":"string","description_kind":"plain","computed":true},"far_cross_connect_or_cross_connect_group_id":{"type":"string","description_kind":"plain","computed":true},"freeform_tags":{"type":["map","string"],"description_kind":"plain","computed":true},"id":{"type":"string","description_kind":"plain","computed":true},"is_active":{"type":"bool","description_kind":"plain","computed":true},"location_name":{"type":"string","description_kind":"plain","computed":true},"near_cross_connect_or_cross_connect_group_id":{"type":"string","description_kind":"plain","computed":true},"port_name":{"type":"string","description_kind":"plain","computed":true},"port_speed_shape_name":{"type":"string","description_kind":"plain","computed":true},"state":{"type":"string","description_kind":"plain","computed":true},"time_created":{"type":"string","description_kind":"plain","computed":true}},"description_kind":"plain"}},"oci_core_cross_connect_group":{"version":0,"block":{"attributes":{"compartment_id":{"type":"string","description_kind":"plain","computed":true},"cross_connect_group_id":{"type":"string","description_kind":"plain","required":true},"customer_reference_name":{"type":"string","description_kind":"plain","computed":true},"defined_tags":{"type":["map","string"],"description_kind":"plain","computed":true},"display_name":{"type":"string","description_kind":"plain","computed":true},"freeform_tags":{"type":["map","string"],"description_kind":"plain","computed":true},"id":{"type":"string","description_kind":"plain","computed":true},"state":{"type":"string","description_kind":"plain","computed":true},"time_created":{"type":"string","description_kind":"plain","computed":true}},"description_kind":"plain"}},"oci_core_cross_connect_groups":{"version":0,"block":{"attributes":{"compartment_id":{"type":"string","description_kind":"plain","required":true},"cross_connect_groups":{"type":["list",["object",{"compartment_id":"string","customer_reference_name":"string","defined_tags":["map","string"],"display_name":"string","freeform_tags":["map","string"],"id":"string","state":"string","time_created":"string"}]],"description_kind":"plain","computed":true},"display_name":{"type":"string","description_kind":"plain","optional":true},"id":{"type":"string","description_kind":"plain","optional":true,"computed":true},"state":{"type":"string","description_kind":"plain","optional":true}},"block_types":{"filter":{"nesting_mode":"set","block":{"attributes":{"name":{"type":"string","description_kind":"plain","required":true},"regex":{"type":"bool","description_kind":"plain","optional":true},"values":{"type":["list","string"],"description_kind":"plain","required":true}},"description_kind":"plain"}}},"description_kind":"plain"}},"oci_core_cross_connect_locations":{"version":0,"block":{"attributes":{"compartment_id":{"type":"string","description_kind":"plain","required":true},"cross_connect_locations":{"type":["list",["object",{"description":"string","name":"string"}]],"description_kind":"plain","computed":true},"id":{"type":"string","description_kind":"plain","optional":true,"computed":true}},"block_types":{"filter":{"nesting_mode":"set","block":{"attributes":{"name":{"type":"string","description_kind":"plain","required":true},"regex":{"type":"bool","description_kind":"plain","optional":true},"values":{"type":["list","string"],"description_kind":"plain","required":true}},"description_kind":"plain"}}},"description_kind":"plain"}},"oci_core_cross_connect_port_speed_shapes":{"version":0,"block":{"attributes":{"compartment_id":{"type":"string","description_kind":"plain","required":true},"cross_connect_port_speed_shapes":{"type":["list",["object",{"name":"string","port_speed_in_gbps":"number"}]],"description_kind":"plain","computed":true},"id":{"type":"string","description_kind":"plain","optional":true,"computed":true}},"block_types":{"filter":{"nesting_mode":"set","block":{"attributes":{"name":{"type":"string","description_kind":"plain","required":true},"regex":{"type":"bool","description_kind":"plain","optional":true},"values":{"type":["list","string"],"description_kind":"plain","required":true}},"description_kind":"plain"}}},"description_kind":"plain"}},"oci_core_cross_connect_status":{"version":0,"block":{"attributes":{"cross_connect_id":{"type":"string","description_kind":"plain","required":true},"id":{"type":"string","description_kind":"plain","optional":true,"computed":true},"interface_state":{"type":"string","description_kind":"plain","computed":true},"light_level_ind_bm":{"type":"number","description_kind":"plain","computed":true},"light_level_indicator":{"type":"string","description_kind":"plain","computed":true}},"description_kind":"plain"}},"oci_core_cross_connects":{"version":0,"block":{"attributes":{"compartment_id":{"type":"string","description_kind":"plain","required":true},"cross_connect_group_id":{"type":"string","description_kind":"plain","optional":true},"cross_connects":{"type":["list",["object",{"compartment_id":"string","cross_connect_group_id":"string","customer_reference_name":"string","defined_tags":["map","string"],"display_name":"string","far_cross_connect_or_cross_connect_group_id":"string","freeform_tags":["map","string"],"id":"string","is_active":"bool","location_name":"string","near_cross_connect_or_cross_connect_group_id":"string","port_name":"string","port_speed_shape_name":"string","state":"string","time_created":"string"}]],"description_kind":"plain","computed":true},"display_name":{"type":"string","description_kind":"plain","optional":true},"id":{"type":"string","description_kind":"plain","optional":true,"computed":true},"state":{"type":"string","description_kind":"plain","optional":true}},"block_types":{"filter":{"nesting_mode":"set","block":{"attributes":{"name":{"type":"string","description_kind":"plain","required":true},"regex":{"type":"bool","description_kind":"plain","optional":true},"values":{"type":["list","string"],"description_kind":"plain","required":true}},"description_kind":"plain"}}},"description_kind":"plain"}},"oci_core_dedicated_vm_host":{"version":0,"block":{"attributes":{"availability_domain":{"type":"string","description_kind":"plain","computed":true},"compartment_id":{"type":"string","description_kind":"plain","computed":true},"dedicated_vm_host_id":{"type":"string","description_kind":"plain","required":true},"dedicated_vm_host_shape":{"type":"string","description_kind":"plain","computed":true},"defined_tags":{"type":["map","string"],"description_kind":"plain","computed":true},"display_name":{"type":"string","description_kind":"plain","computed":true},"fault_domain":{"type":"string","description_kind":"plain","computed":true},"freeform_tags":{"type":["map","string"],"description_kind":"plain","computed":true},"id":{"type":"string","description_kind":"plain","computed":true},"remaining_ocpus":{"type":"number","description_kind":"plain","computed":true},"state":{"type":"string","description_kind":"plain","computed":true},"time_created":{"type":"string","description_kind":"plain","computed":true},"total_ocpus":{"type":"number","description_kind":"plain","computed":true}},"description_kind":"plain"}},"oci_core_dedicated_vm_host_instance_shapes":{"version":0,"block":{"attributes":{"availability_domain":{"type":"string","description_kind":"plain","optional":true},"compartment_id":{"type":"string","description_kind":"plain","required":true},"dedicated_vm_host_instance_shapes":{"type":["list",["object",{"availability_domain":"string","instance_shape_name":"string"}]],"description_kind":"plain","computed":true},"dedicated_vm_host_shape":{"type":"string","description_kind":"plain","optional":true},"id":{"type":"string","description_kind":"plain","optional":true,"computed":true}},"block_types":{"filter":{"nesting_mode":"set","block":{"attributes":{"name":{"type":"string","description_kind":"plain","required":true},"regex":{"type":"bool","description_kind":"plain","optional":true},"values":{"type":["list","string"],"description_kind":"plain","required":true}},"description_kind":"plain"}}},"description_kind":"plain"}},"oci_core_dedicated_vm_host_shapes":{"version":0,"block":{"attributes":{"availability_domain":{"type":"string","description_kind":"plain","optional":true},"compartment_id":{"type":"string","description_kind":"plain","required":true},"dedicated_vm_host_shapes":{"type":["list",["object",{"availability_domain":"string","dedicated_vm_host_shape":"string"}]],"description_kind":"plain","computed":true},"id":{"type":"string","description_kind":"plain","optional":true,"computed":true},"instance_shape_name":{"type":"string","description_kind":"plain","optional":true}},"block_types":{"filter":{"nesting_mode":"set","block":{"attributes":{"name":{"type":"string","description_kind":"plain","required":true},"regex":{"type":"bool","description_kind":"plain","optional":true},"values":{"type":["list","string"],"description_kind":"plain","required":true}},"description_kind":"plain"}}},"description_kind":"plain"}},"oci_core_dedicated_vm_hosts":{"version":0,"block":{"attributes":{"availability_domain":{"type":"string","description_kind":"plain","optional":true},"compartment_id":{"type":"string","description_kind":"plain","required":true},"dedicated_vm_hosts":{"type":["list",["object",{"availability_domain":"string","compartment_id":"string","dedicated_vm_host_shape":"string","defined_tags":["map","string"],"display_name":"string","fault_domain":"string","freeform_tags":["map","string"],"id":"string","remaining_ocpus":"number","state":"string","time_created":"string","total_ocpus":"number"}]],"description_kind":"plain","computed":true},"display_name":{"type":"string","description_kind":"plain","optional":true},"id":{"type":"string","description_kind":"plain","optional":true,"computed":true},"instance_shape_name":{"type":"string","description_kind":"plain","optional":true},"state":{"type":"string","description_kind":"plain","optional":true}},"block_types":{"filter":{"nesting_mode":"set","block":{"attributes":{"name":{"type":"string","description_kind":"plain","required":true},"regex":{"type":"bool","description_kind":"plain","optional":true},"values":{"type":["list","string"],"description_kind":"plain","required":true}},"description_kind":"plain"}}},"description_kind":"plain"}},"oci_core_dedicated_vm_hosts_instances":{"version":0,"block":{"attributes":{"availability_domain":{"type":"string","description_kind":"plain","optional":true},"compartment_id":{"type":"string","description_kind":"plain","required":true},"dedicated_vm_host_id":{"type":"string","description_kind":"plain","required":true},"dedicated_vm_host_instances":{"type":["list",["object",{"availability_domain":"string","compartment_id":"string","instance_id":"string","shape":"string","time_created":"string"}]],"description_kind":"plain","computed":true},"id":{"type":"string","description_kind":"plain","optional":true,"computed":true}},"block_types":{"filter":{"nesting_mode":"set","block":{"attributes":{"name":{"type":"string","description_kind":"plain","required":true},"regex":{"type":"bool","description_kind":"plain","optional":true},"values":{"type":["list","string"],"description_kind":"plain","required":true}},"description_kind":"plain"}}},"description_kind":"plain"}},"oci_core_dhcp_options":{"version":0,"block":{"attributes":{"compartment_id":{"type":"string","description_kind":"plain","required":true},"display_name":{"type":"string","description_kind":"plain","optional":true},"id":{"type":"string","description_kind":"plain","optional":true,"computed":true},"options":{"type":["list",["object",{"compartment_id":"string","defined_tags":["map","string"],"display_name":"string","freeform_tags":["map","string"],"id":"string","options":["list",["object",{"custom_dns_servers":["list","string"],"search_domain_names":["list","string"],"server_type":"string","type":"string"}]],"state":"string","time_created":"string","vcn_id":"string"}]],"description_kind":"plain","computed":true},"state":{"type":"string","description_kind":"plain","optional":true},"vcn_id":{"type":"string","description_kind":"plain","optional":true}},"block_types":{"filter":{"nesting_mode":"set","block":{"attributes":{"name":{"type":"string","description_kind":"plain","required":true},"regex":{"type":"bool","description_kind":"plain","optional":true},"values":{"type":["list","string"],"description_kind":"plain","required":true}},"description_kind":"plain"}}},"description_kind":"plain"}},"oci_core_drg_attachments":{"version":0,"block":{"attributes":{"compartment_id":{"type":"string","description_kind":"plain","required":true},"drg_attachments":{"type":["list",["object",{"compartment_id":"string","display_name":"string","drg_id":"string","id":"string","route_table_id":"string","state":"string","time_created":"string","vcn_id":"string"}]],"description_kind":"plain","computed":true},"drg_id":{"type":"string","description_kind":"plain","optional":true},"id":{"type":"string","description_kind":"plain","optional":true,"computed":true},"vcn_id":{"type":"string","description_kind":"plain","optional":true}},"block_types":{"filter":{"nesting_mode":"set","block":{"attributes":{"name":{"type":"string","description_kind":"plain","required":true},"regex":{"type":"bool","description_kind":"plain","optional":true},"values":{"type":["list","string"],"description_kind":"plain","required":true}},"description_kind":"plain"}}},"description_kind":"plain"}},"oci_core_drgs":{"version":0,"block":{"attributes":{"compartment_id":{"type":"string","description_kind":"plain","required":true},"drgs":{"type":["list",["object",{"compartment_id":"string","defined_tags":["map","string"],"display_name":"string","freeform_tags":["map","string"],"id":"string","redundancy_status":"string","state":"string","time_created":"string"}]],"description_kind":"plain","computed":true},"id":{"type":"string","description_kind":"plain","optional":true,"computed":true}},"block_types":{"filter":{"nesting_mode":"set","block":{"attributes":{"name":{"type":"string","description_kind":"plain","required":true},"regex":{"type":"bool","description_kind":"plain","optional":true},"values":{"type":["list","string"],"description_kind":"plain","required":true}},"description_kind":"plain"}}},"description_kind":"plain"}},"oci_core_fast_connect_provider_service":{"version":0,"block":{"attributes":{"bandwith_shape_management":{"type":"string","description_kind":"plain","computed":true},"customer_asn_management":{"type":"string","description_kind":"plain","computed":true},"description":{"type":"string","description_kind":"plain","computed":true},"id":{"type":"string","description_kind":"plain","optional":true,"computed":true},"private_peering_bgp_management":{"type":"string","description_kind":"plain","computed":true},"provider_name":{"type":"string","description_kind":"plain","computed":true},"provider_service_id":{"type":"string","description_kind":"plain","required":true},"provider_service_key_management":{"type":"string","description_kind":"plain","computed":true},"provider_service_name":{"type":"string","description_kind":"plain","computed":true},"public_peering_bgp_management":{"type":"string","description_kind":"plain","computed":true},"required_total_cross_connects":{"type":"number","description_kind":"plain","computed":true},"supported_virtual_circuit_types":{"type":["list","string"],"description_kind":"plain","computed":true},"type":{"type":"string","description_kind":"plain","computed":true}},"description_kind":"plain"}},"oci_core_fast_connect_provider_service_key":{"version":0,"block":{"attributes":{"bandwidth_shape_name":{"type":"string","description_kind":"plain","computed":true},"id":{"type":"string","description_kind":"plain","optional":true,"computed":true},"name":{"type":"string","description_kind":"plain","computed":true},"peering_location":{"type":"string","description_kind":"plain","computed":true},"provider_service_id":{"type":"string","description_kind":"plain","required":true},"provider_service_key_name":{"type":"string","description_kind":"plain","required":true}},"description_kind":"plain"}},"oci_core_fast_connect_provider_services":{"version":0,"block":{"attributes":{"compartment_id":{"type":"string","description_kind":"plain","required":true},"fast_connect_provider_services":{"type":["list",["object",{"bandwith_shape_management":"string","customer_asn_management":"string","description":"string","id":"string","private_peering_bgp_management":"string","provider_name":"string","provider_service_key_management":"string","provider_service_name":"string","public_peering_bgp_management":"string","required_total_cross_connects":"number","supported_virtual_circuit_types":["list","string"],"type":"string"}]],"description_kind":"plain","computed":true},"id":{"type":"string","description_kind":"plain","optional":true,"computed":true}},"block_types":{"filter":{"nesting_mode":"set","block":{"attributes":{"name":{"type":"string","description_kind":"plain","required":true},"regex":{"type":"bool","description_kind":"plain","optional":true},"values":{"type":["list","string"],"description_kind":"plain","required":true}},"description_kind":"plain"}}},"description_kind":"plain"}},"oci_core_image":{"version":0,"block":{"attributes":{"agent_features":{"type":["list",["object",{"is_management_supported":"bool","is_monitoring_supported":"bool"}]],"description_kind":"plain","computed":true},"base_image_id":{"type":"string","description_kind":"plain","computed":true},"compartment_id":{"type":"string","description_kind":"plain","computed":true},"create_image_allowed":{"type":"bool","description_kind":"plain","computed":true},"defined_tags":{"type":["map","string"],"description_kind":"plain","computed":true},"display_name":{"type":"string","description_kind":"plain","computed":true},"freeform_tags":{"type":["map","string"],"description_kind":"plain","computed":true},"id":{"type":"string","description_kind":"plain","computed":true},"image_id":{"type":"string","description_kind":"plain","required":true},"image_source_details":{"type":["list",["object",{"bucket_name":"string","namespace_name":"string","object_name":"string","operating_system":"string","operating_system_version":"string","source_image_type":"string","source_type":"string","source_uri":"string"}]],"description_kind":"plain","computed":true},"instance_id":{"type":"string","description_kind":"plain","computed":true},"launch_mode":{"type":"string","description_kind":"plain","computed":true},"launch_options":{"type":["list",["object",{"boot_volume_type":"string","firmware":"string","is_consistent_volume_naming_enabled":"bool","is_pv_encryption_in_transit_enabled":"bool","network_type":"string","remote_data_volume_type":"string"}]],"description_kind":"plain","computed":true},"operating_system":{"type":"string","description_kind":"plain","computed":true},"operating_system_version":{"type":"string","description_kind":"plain","computed":true},"size_in_mbs":{"type":"string","description_kind":"plain","computed":true},"state":{"type":"string","description_kind":"plain","computed":true},"time_created":{"type":"string","description_kind":"plain","computed":true}},"description_kind":"plain"}},"oci_core_image_shape":{"version":0,"block":{"attributes":{"id":{"type":"string","description_kind":"plain","optional":true,"computed":true},"image_id":{"type":"string","description_kind":"plain","required":true},"ocpu_constraints":{"type":["list",["object",{"max":"number","min":"number"}]],"description_kind":"plain","computed":true},"shape":{"type":"string","description_kind":"plain","computed":true},"shape_name":{"type":"string","description_kind":"plain","required":true}},"description_kind":"plain"}},"oci_core_image_shapes":{"version":0,"block":{"attributes":{"id":{"type":"string","description_kind":"plain","optional":true,"computed":true},"image_id":{"type":"string","description_kind":"plain","required":true},"image_shape_compatibilities":{"type":["list",["object",{"image_id":"string","ocpu_constraints":["list",["object",{"max":"number","min":"number"}]],"shape":"string"}]],"description_kind":"plain","computed":true}},"block_types":{"filter":{"nesting_mode":"set","block":{"attributes":{"name":{"type":"string","description_kind":"plain","required":true},"regex":{"type":"bool","description_kind":"plain","optional":true},"values":{"type":["list","string"],"description_kind":"plain","required":true}},"description_kind":"plain"}}},"description_kind":"plain"}},"oci_core_images":{"version":0,"block":{"attributes":{"compartment_id":{"type":"string","description_kind":"plain","required":true},"display_name":{"type":"string","description_kind":"plain","optional":true},"id":{"type":"string","description_kind":"plain","optional":true,"computed":true},"images":{"type":["list",["object",{"agent_features":["list",["object",{"is_management_supported":"bool","is_monitoring_supported":"bool"}]],"base_image_id":"string","compartment_id":"string","create_image_allowed":"bool","defined_tags":["map","string"],"display_name":"string","freeform_tags":["map","string"],"id":"string","image_source_details":["list",["object",{"bucket_name":"string","namespace_name":"string","object_name":"string","operating_system":"string","operating_system_version":"string","source_image_type":"string","source_type":"string","source_uri":"string"}]],"instance_id":"string","launch_mode":"string","launch_options":["list",["object",{"boot_volume_type":"string","firmware":"string","is_consistent_volume_naming_enabled":"bool","is_pv_encryption_in_transit_enabled":"bool","network_type":"string","remote_data_volume_type":"string"}]],"operating_system":"string","operating_system_version":"string","size_in_mbs":"string","state":"string","time_created":"string"}]],"description_kind":"plain","computed":true},"operating_system":{"type":"string","description_kind":"plain","optional":true},"operating_system_version":{"type":"string","description_kind":"plain","optional":true},"shape":{"type":"string","description_kind":"plain","optional":true},"sort_by":{"type":"string","description_kind":"plain","optional":true},"sort_order":{"type":"string","description_kind":"plain","optional":true},"state":{"type":"string","description_kind":"plain","optional":true}},"block_types":{"filter":{"nesting_mode":"set","block":{"attributes":{"name":{"type":"string","description_kind":"plain","required":true},"regex":{"type":"bool","description_kind":"plain","optional":true},"values":{"type":["list","string"],"description_kind":"plain","required":true}},"description_kind":"plain"}}},"description_kind":"plain"}},"oci_core_instance":{"version":0,"block":{"attributes":{"agent_config":{"type":["list",["object",{"is_management_disabled":"bool","is_monitoring_disabled":"bool"}]],"description_kind":"plain","computed":true},"availability_config":{"type":["list",["object",{"recovery_action":"string"}]],"description_kind":"plain","computed":true},"availability_domain":{"type":"string","description_kind":"plain","computed":true},"boot_volume_id":{"type":"string","description_kind":"plain","computed":true},"compartment_id":{"type":"string","description_kind":"plain","computed":true},"create_vnic_details":{"type":["list",["object",{"assign_public_ip":"string","defined_tags":["map","string"],"display_name":"string","freeform_tags":["map","string"],"hostname_label":"string","nsg_ids":["list","string"],"private_ip":"string","skip_source_dest_check":"bool","subnet_id":"string","vlan_id":"string"}]],"description_kind":"plain","computed":true},"dedicated_vm_host_id":{"type":"string","description_kind":"plain","computed":true},"defined_tags":{"type":["map","string"],"description_kind":"plain","computed":true},"display_name":{"type":"string","description_kind":"plain","computed":true},"extended_metadata":{"type":["map","string"],"description_kind":"plain","computed":true},"fault_domain":{"type":"string","description_kind":"plain","computed":true},"freeform_tags":{"type":["map","string"],"description_kind":"plain","computed":true},"hostname_label":{"type":"string","description_kind":"plain","computed":true},"id":{"type":"string","description_kind":"plain","computed":true},"image":{"type":"string","description_kind":"plain","computed":true},"instance_id":{"type":"string","description_kind":"plain","required":true},"ipxe_script":{"type":"string","description_kind":"plain","computed":true},"is_pv_encryption_in_transit_enabled":{"type":"bool","description_kind":"plain","computed":true},"launch_mode":{"type":"string","description_kind":"plain","computed":true},"launch_options":{"type":["list",["object",{"boot_volume_type":"string","firmware":"string","is_consistent_volume_naming_enabled":"bool","is_pv_encryption_in_transit_enabled":"bool","network_type":"string","remote_data_volume_type":"string"}]],"description_kind":"plain","computed":true},"metadata":{"type":["map","string"],"description_kind":"plain","computed":true},"preserve_boot_volume":{"type":"bool","description_kind":"plain","computed":true},"private_ip":{"type":"string","description_kind":"plain","computed":true},"public_ip":{"type":"string","description_kind":"plain","computed":true},"region":{"type":"string","description_kind":"plain","computed":true},"shape":{"type":"string","description_kind":"plain","computed":true},"shape_config":{"type":["list",["object",{"gpu_description":"string","gpus":"number","local_disk_description":"string","local_disks":"number","local_disks_total_size_in_gbs":"number","max_vnic_attachments":"number","memory_in_gbs":"number","networking_bandwidth_in_gbps":"number","ocpus":"number","processor_description":"string"}]],"description_kind":"plain","computed":true},"source_details":{"type":["list",["object",{"boot_volume_size_in_gbs":"string","kms_key_id":"string","source_id":"string","source_type":"string"}]],"description_kind":"plain","computed":true},"state":{"type":"string","description_kind":"plain","computed":true},"subnet_id":{"type":"string","description_kind":"plain","computed":true},"system_tags":{"type":["map","string"],"description_kind":"plain","computed":true},"time_created":{"type":"string","description_kind":"plain","computed":true},"time_maintenance_reboot_due":{"type":"string","description_kind":"plain","computed":true}},"description_kind":"plain"}},"oci_core_instance_configuration":{"version":0,"block":{"attributes":{"compartment_id":{"type":"string","description_kind":"plain","computed":true},"deferred_fields":{"type":["list","string"],"description_kind":"plain","computed":true},"defined_tags":{"type":["map","string"],"description_kind":"plain","computed":true},"display_name":{"type":"string","description_kind":"plain","computed":true},"freeform_tags":{"type":["map","string"],"description_kind":"plain","computed":true},"id":{"type":"string","description_kind":"plain","computed":true},"instance_configuration_id":{"type":"string","description_kind":"plain","required":true},"instance_details":{"type":["list",["object",{"block_volumes":["list",["object",{"attach_details":["list",["object",{"device":"string","display_name":"string","is_pv_encryption_in_transit_enabled":"bool","is_read_only":"bool","is_shareable":"bool","type":"string","use_chap":"bool"}]],"create_details":["list",["object",{"availability_domain":"string","backup_policy_id":"string","compartment_id":"string","defined_tags":["map","string"],"display_name":"string","freeform_tags":["map","string"],"kms_key_id":"string","size_in_gbs":"string","source_details":["list",["object",{"id":"string","type":"string"}]],"vpus_per_gb":"string"}]],"volume_id":"string"}]],"instance_type":"string","launch_details":["list",["object",{"agent_config":["list",["object",{"is_management_disabled":"bool","is_monitoring_disabled":"bool"}]],"availability_config":["list",["object",{"recovery_action":"string"}]],"availability_domain":"string","compartment_id":"string","create_vnic_details":["list",["object",{"assign_public_ip":"bool","defined_tags":["map","string"],"display_name":"string","freeform_tags":["map","string"],"hostname_label":"string","nsg_ids":["list","string"],"private_ip":"string","skip_source_dest_check":"bool","subnet_id":"string"}]],"dedicated_vm_host_id":"string","defined_tags":["map","string"],"display_name":"string","extended_metadata":["map","string"],"fault_domain":"string","freeform_tags":["map","string"],"ipxe_script":"string","is_pv_encryption_in_transit_enabled":"bool","launch_mode":"string","launch_options":["list",["object",{"boot_volume_type":"string","firmware":"string","is_consistent_volume_naming_enabled":"bool","is_pv_encryption_in_transit_enabled":"bool","network_type":"string","remote_data_volume_type":"string"}]],"metadata":["map","string"],"preferred_maintenance_action":"string","shape":"string","shape_config":["list",["object",{"ocpus":"number"}]],"source_details":["list",["object",{"boot_volume_id":"string","boot_volume_size_in_gbs":"string","image_id":"string","source_type":"string"}]]}]],"secondary_vnics":["list",["object",{"create_vnic_details":["list",["object",{"assign_public_ip":"bool","defined_tags":["map","string"],"display_name":"string","freeform_tags":["map","string"],"hostname_label":"string","nsg_ids":["list","string"],"private_ip":"string","skip_source_dest_check":"bool","subnet_id":"string"}]],"display_name":"string","nic_index":"number"}]]}]],"description_kind":"plain","computed":true},"instance_id":{"type":"string","description_kind":"plain","computed":true},"source":{"type":"string","description_kind":"plain","computed":true},"time_created":{"type":"string","description_kind":"plain","computed":true}},"description_kind":"plain"}},"oci_core_instance_configurations":{"version":0,"block":{"attributes":{"compartment_id":{"type":"string","description_kind":"plain","required":true},"id":{"type":"string","description_kind":"plain","optional":true,"computed":true},"instance_configurations":{"type":["list",["object",{"compartment_id":"string","deferred_fields":["list","string"],"defined_tags":["map","string"],"display_name":"string","freeform_tags":["map","string"],"id":"string","instance_details":["list",["object",{"block_volumes":["list",["object",{"attach_details":["list",["object",{"device":"string","display_name":"string","is_pv_encryption_in_transit_enabled":"bool","is_read_only":"bool","is_shareable":"bool","type":"string","use_chap":"bool"}]],"create_details":["list",["object",{"availability_domain":"string","backup_policy_id":"string","compartment_id":"string","defined_tags":["map","string"],"display_name":"string","freeform_tags":["map","string"],"kms_key_id":"string","size_in_gbs":"string","source_details":["list",["object",{"id":"string","type":"string"}]],"vpus_per_gb":"string"}]],"volume_id":"string"}]],"instance_type":"string","launch_details":["list",["object",{"agent_config":["list",["object",{"is_management_disabled":"bool","is_monitoring_disabled":"bool"}]],"availability_config":["list",["object",{"recovery_action":"string"}]],"availability_domain":"string","compartment_id":"string","create_vnic_details":["list",["object",{"assign_public_ip":"bool","defined_tags":["map","string"],"display_name":"string","freeform_tags":["map","string"],"hostname_label":"string","nsg_ids":["list","string"],"private_ip":"string","skip_source_dest_check":"bool","subnet_id":"string"}]],"dedicated_vm_host_id":"string","defined_tags":["map","string"],"display_name":"string","extended_metadata":["map","string"],"fault_domain":"string","freeform_tags":["map","string"],"ipxe_script":"string","is_pv_encryption_in_transit_enabled":"bool","launch_mode":"string","launch_options":["list",["object",{"boot_volume_type":"string","firmware":"string","is_consistent_volume_naming_enabled":"bool","is_pv_encryption_in_transit_enabled":"bool","network_type":"string","remote_data_volume_type":"string"}]],"metadata":["map","string"],"preferred_maintenance_action":"string","shape":"string","shape_config":["list",["object",{"ocpus":"number"}]],"source_details":["list",["object",{"boot_volume_id":"string","boot_volume_size_in_gbs":"string","image_id":"string","source_type":"string"}]]}]],"secondary_vnics":["list",["object",{"create_vnic_details":["list",["object",{"assign_public_ip":"bool","defined_tags":["map","string"],"display_name":"string","freeform_tags":["map","string"],"hostname_label":"string","nsg_ids":["list","string"],"private_ip":"string","skip_source_dest_check":"bool","subnet_id":"string"}]],"display_name":"string","nic_index":"number"}]]}]],"instance_id":"string","source":"string","time_created":"string"}]],"description_kind":"plain","computed":true}},"block_types":{"filter":{"nesting_mode":"set","block":{"attributes":{"name":{"type":"string","description_kind":"plain","required":true},"regex":{"type":"bool","description_kind":"plain","optional":true},"values":{"type":["list","string"],"description_kind":"plain","required":true}},"description_kind":"plain"}}},"description_kind":"plain"}},"oci_core_instance_console_connections":{"version":0,"block":{"attributes":{"compartment_id":{"type":"string","description_kind":"plain","required":true},"id":{"type":"string","description_kind":"plain","optional":true,"computed":true},"instance_console_connections":{"type":["list",["object",{"compartment_id":"string","connection_string":"string","defined_tags":["map","string"],"fingerprint":"string","freeform_tags":["map","string"],"id":"string","instance_id":"string","public_key":"string","state":"string","vnc_connection_string":"string"}]],"description_kind":"plain","computed":true},"instance_id":{"type":"string","description_kind":"plain","optional":true}},"block_types":{"filter":{"nesting_mode":"set","block":{"attributes":{"name":{"type":"string","description_kind":"plain","required":true},"regex":{"type":"bool","description_kind":"plain","optional":true},"values":{"type":["list","string"],"description_kind":"plain","required":true}},"description_kind":"plain"}}},"description_kind":"plain"}},"oci_core_instance_credentials":{"version":0,"block":{"attributes":{"id":{"type":"string","description_kind":"plain","optional":true,"computed":true},"instance_id":{"type":"string","description_kind":"plain","required":true},"password":{"type":"string","description_kind":"plain","computed":true},"username":{"type":"string","description_kind":"plain","computed":true}},"description_kind":"plain"}},"oci_core_instance_devices":{"version":0,"block":{"attributes":{"devices":{"type":["list",["object",{"is_available":"bool","name":"string"}]],"description_kind":"plain","computed":true},"id":{"type":"string","description_kind":"plain","optional":true,"computed":true},"instance_id":{"type":"string","description_kind":"plain","required":true},"is_available":{"type":"bool","description_kind":"plain","optional":true},"name":{"type":"string","description_kind":"plain","optional":true}},"block_types":{"filter":{"nesting_mode":"set","block":{"attributes":{"name":{"type":"string","description_kind":"plain","required":true},"regex":{"type":"bool","description_kind":"plain","optional":true},"values":{"type":["list","string"],"description_kind":"plain","required":true}},"description_kind":"plain"}}},"description_kind":"plain"}},"oci_core_instance_pool":{"version":0,"block":{"attributes":{"actual_size":{"type":"number","description_kind":"plain","computed":true},"compartment_id":{"type":"string","description_kind":"plain","computed":true},"defined_tags":{"type":["map","string"],"description_kind":"plain","computed":true},"display_name":{"type":"string","description_kind":"plain","computed":true},"freeform_tags":{"type":["map","string"],"description_kind":"plain","computed":true},"id":{"type":"string","description_kind":"plain","computed":true},"instance_configuration_id":{"type":"string","description_kind":"plain","computed":true},"instance_pool_id":{"type":"string","description_kind":"plain","required":true},"load_balancers":{"type":["list",["object",{"backend_set_name":"string","id":"string","instance_pool_id":"string","load_balancer_id":"string","port":"number","state":"string","vnic_selection":"string"}]],"description_kind":"plain","computed":true},"placement_configurations":{"type":["list",["object",{"availability_domain":"string","fault_domains":["list","string"],"primary_subnet_id":"string","secondary_vnic_subnets":["list",["object",{"display_name":"string","subnet_id":"string"}]]}]],"description_kind":"plain","computed":true},"size":{"type":"number","description_kind":"plain","computed":true},"state":{"type":"string","description_kind":"plain","computed":true},"time_created":{"type":"string","description_kind":"plain","computed":true}},"description_kind":"plain"}},"oci_core_instance_pool_instances":{"version":0,"block":{"attributes":{"compartment_id":{"type":"string","description_kind":"plain","required":true},"display_name":{"type":"string","description_kind":"plain","optional":true},"id":{"type":"string","description_kind":"plain","optional":true,"computed":true},"instance_pool_id":{"type":"string","description_kind":"plain","required":true},"instances":{"type":["list",["object",{"availability_domain":"string","compartment_id":"string","display_name":"string","fault_domain":"string","id":"string","instance_configuration_id":"string","load_balancer_backends":["list",["object",{"backend_health_status":"string","backend_name":"string","backend_set_name":"string","load_balancer_id":"string","state":"string"}]],"region":"string","shape":"string","state":"string","time_created":"string"}]],"description_kind":"plain","computed":true}},"block_types":{"filter":{"nesting_mode":"set","block":{"attributes":{"name":{"type":"string","description_kind":"plain","required":true},"regex":{"type":"bool","description_kind":"plain","optional":true},"values":{"type":["list","string"],"description_kind":"plain","required":true}},"description_kind":"plain"}}},"description_kind":"plain"}},"oci_core_instance_pool_load_balancer_attachment":{"version":0,"block":{"attributes":{"backend_set_name":{"type":"string","description_kind":"plain","computed":true},"id":{"type":"string","description_kind":"plain","optional":true,"computed":true},"instance_pool_id":{"type":"string","description_kind":"plain","required":true},"instance_pool_load_balancer_attachment_id":{"type":"string","description_kind":"plain","required":true},"load_balancer_id":{"type":"string","description_kind":"plain","computed":true},"port":{"type":"number","description_kind":"plain","computed":true},"state":{"type":"string","description_kind":"plain","computed":true},"vnic_selection":{"type":"string","description_kind":"plain","computed":true}},"description_kind":"plain"}},"oci_core_instance_pools":{"version":0,"block":{"attributes":{"compartment_id":{"type":"string","description_kind":"plain","required":true},"display_name":{"type":"string","description_kind":"plain","optional":true},"id":{"type":"string","description_kind":"plain","optional":true,"computed":true},"instance_pools":{"type":["list",["object",{"actual_size":"number","compartment_id":"string","defined_tags":["map","string"],"display_name":"string","freeform_tags":["map","string"],"id":"string","instance_configuration_id":"string","load_balancers":["list",["object",{"backend_set_name":"string","id":"string","instance_pool_id":"string","load_balancer_id":"string","port":"number","state":"string","vnic_selection":"string"}]],"placement_configurations":["list",["object",{"availability_domain":"string","fault_domains":["list","string"],"primary_subnet_id":"string","secondary_vnic_subnets":["list",["object",{"display_name":"string","subnet_id":"string"}]]}]],"size":"number","state":"string","time_created":"string"}]],"description_kind":"plain","computed":true},"state":{"type":"string","description_kind":"plain","optional":true}},"block_types":{"filter":{"nesting_mode":"set","block":{"attributes":{"name":{"type":"string","description_kind":"plain","required":true},"regex":{"type":"bool","description_kind":"plain","optional":true},"values":{"type":["list","string"],"description_kind":"plain","required":true}},"description_kind":"plain"}}},"description_kind":"plain"}},"oci_core_instances":{"version":0,"block":{"attributes":{"availability_domain":{"type":"string","description_kind":"plain","optional":true},"compartment_id":{"type":"string","description_kind":"plain","required":true},"display_name":{"type":"string","description_kind":"plain","optional":true},"id":{"type":"string","description_kind":"plain","optional":true,"computed":true},"instances":{"type":["list",["object",{"agent_config":["list",["object",{"is_management_disabled":"bool","is_monitoring_disabled":"bool"}]],"availability_config":["list",["object",{"recovery_action":"string"}]],"availability_domain":"string","boot_volume_id":"string","compartment_id":"string","create_vnic_details":["list",["object",{"assign_public_ip":"string","defined_tags":["map","string"],"display_name":"string","freeform_tags":["map","string"],"hostname_label":"string","nsg_ids":["list","string"],"private_ip":"string","skip_source_dest_check":"bool","subnet_id":"string","vlan_id":"string"}]],"dedicated_vm_host_id":"string","defined_tags":["map","string"],"display_name":"string","extended_metadata":["map","string"],"fault_domain":"string","freeform_tags":["map","string"],"hostname_label":"string","id":"string","image":"string","ipxe_script":"string","is_pv_encryption_in_transit_enabled":"bool","launch_mode":"string","launch_options":["list",["object",{"boot_volume_type":"string","firmware":"string","is_consistent_volume_naming_enabled":"bool","is_pv_encryption_in_transit_enabled":"bool","network_type":"string","remote_data_volume_type":"string"}]],"metadata":["map","string"],"preserve_boot_volume":"bool","private_ip":"string","public_ip":"string","region":"string","shape":"string","shape_config":["list",["object",{"gpu_description":"string","gpus":"number","local_disk_description":"string","local_disks":"number","local_disks_total_size_in_gbs":"number","max_vnic_attachments":"number","memory_in_gbs":"number","networking_bandwidth_in_gbps":"number","ocpus":"number","processor_description":"string"}]],"source_details":["list",["object",{"boot_volume_size_in_gbs":"string","kms_key_id":"string","source_id":"string","source_type":"string"}]],"state":"string","subnet_id":"string","system_tags":["map","string"],"time_created":"string","time_maintenance_reboot_due":"string"}]],"description_kind":"plain","computed":true},"state":{"type":"string","description_kind":"plain","optional":true}},"block_types":{"filter":{"nesting_mode":"set","block":{"attributes":{"name":{"type":"string","description_kind":"plain","required":true},"regex":{"type":"bool","description_kind":"plain","optional":true},"values":{"type":["list","string"],"description_kind":"plain","required":true}},"description_kind":"plain"}}},"description_kind":"plain"}},"oci_core_internet_gateways":{"version":0,"block":{"attributes":{"compartment_id":{"type":"string","description_kind":"plain","required":true},"display_name":{"type":"string","description_kind":"plain","optional":true},"gateways":{"type":["list",["object",{"compartment_id":"string","defined_tags":["map","string"],"display_name":"string","enabled":"bool","freeform_tags":["map","string"],"id":"string","state":"string","time_created":"string","vcn_id":"string"}]],"description_kind":"plain","computed":true},"id":{"type":"string","description_kind":"plain","optional":true,"computed":true},"state":{"type":"string","description_kind":"plain","optional":true},"vcn_id":{"type":"string","description_kind":"plain","optional":true}},"block_types":{"filter":{"nesting_mode":"set","block":{"attributes":{"name":{"type":"string","description_kind":"plain","required":true},"regex":{"type":"bool","description_kind":"plain","optional":true},"values":{"type":["list","string"],"description_kind":"plain","required":true}},"description_kind":"plain"}}},"description_kind":"plain"}},"oci_core_ipsec_config":{"version":0,"block":{"attributes":{"compartment_id":{"type":"string","description_kind":"plain","computed":true},"id":{"type":"string","description_kind":"plain","optional":true,"computed":true},"ipsec_id":{"type":"string","description_kind":"plain","required":true},"time_created":{"type":"string","description_kind":"plain","computed":true},"tunnels":{"type":["list",["object",{"ip_address":"string","shared_secret":"string","time_created":"string"}]],"description_kind":"plain","computed":true}},"block_types":{"filter":{"nesting_mode":"set","block":{"attributes":{"name":{"type":"string","description_kind":"plain","required":true},"regex":{"type":"bool","description_kind":"plain","optional":true},"values":{"type":["list","string"],"description_kind":"plain","required":true}},"description_kind":"plain"}}},"description_kind":"plain"}},"oci_core_ipsec_connection_tunnel":{"version":0,"block":{"attributes":{"bgp_session_info":{"type":["list",["object",{"bgp_state":"string","customer_bgp_asn":"string","customer_interface_ip":"string","oracle_bgp_asn":"string","oracle_interface_ip":"string"}]],"description_kind":"plain","computed":true},"compartment_id":{"type":"string","description_kind":"plain","computed":true},"cpe_ip":{"type":"string","description_kind":"plain","computed":true},"display_name":{"type":"string","description_kind":"plain","computed":true},"id":{"type":"string","description_kind":"plain","optional":true,"computed":true},"ike_version":{"type":"string","description_kind":"plain","computed":true},"ipsec_id":{"type":"string","description_kind":"plain","required":true},"routing":{"type":"string","description_kind":"plain","computed":true},"state":{"type":"string","description_kind":"plain","computed":true},"status":{"type":"string","description_kind":"plain","computed":true},"time_created":{"type":"string","description_kind":"plain","computed":true},"time_status_updated":{"type":"string","description_kind":"plain","computed":true},"tunnel_id":{"type":"string","description_kind":"plain","required":true},"vpn_ip":{"type":"string","description_kind":"plain","computed":true}},"description_kind":"plain"}},"oci_core_ipsec_connection_tunnels":{"version":0,"block":{"attributes":{"id":{"type":"string","description_kind":"plain","optional":true,"computed":true},"ip_sec_connection_tunnels":{"type":["list",["object",{"bgp_session_info":["list",["object",{"bgp_state":"string","customer_bgp_asn":"string","customer_interface_ip":"string","oracle_bgp_asn":"string","oracle_interface_ip":"string"}]],"compartment_id":"string","cpe_ip":"string","display_name":"string","id":"string","ike_version":"string","routing":"string","state":"string","status":"string","time_created":"string","time_status_updated":"string","vpn_ip":"string"}]],"description_kind":"plain","computed":true},"ipsec_id":{"type":"string","description_kind":"plain","required":true}},"block_types":{"filter":{"nesting_mode":"set","block":{"attributes":{"name":{"type":"string","description_kind":"plain","required":true},"regex":{"type":"bool","description_kind":"plain","optional":true},"values":{"type":["list","string"],"description_kind":"plain","required":true}},"description_kind":"plain"}}},"description_kind":"plain"}},"oci_core_ipsec_connections":{"version":0,"block":{"attributes":{"compartment_id":{"type":"string","description_kind":"plain","required":true},"connections":{"type":["list",["object",{"compartment_id":"string","cpe_id":"string","cpe_local_identifier":"string","cpe_local_identifier_type":"string","defined_tags":["map","string"],"display_name":"string","drg_id":"string","freeform_tags":["map","string"],"id":"string","state":"string","static_routes":["list","string"],"time_created":"string"}]],"description_kind":"plain","computed":true},"cpe_id":{"type":"string","description_kind":"plain","optional":true},"drg_id":{"type":"string","description_kind":"plain","optional":true},"id":{"type":"string","description_kind":"plain","optional":true,"computed":true}},"block_types":{"filter":{"nesting_mode":"set","block":{"attributes":{"name":{"type":"string","description_kind":"plain","required":true},"regex":{"type":"bool","description_kind":"plain","optional":true},"values":{"type":["list","string"],"description_kind":"plain","required":true}},"description_kind":"plain"}}},"description_kind":"plain"}},"oci_core_ipsec_status":{"version":0,"block":{"attributes":{"compartment_id":{"type":"string","description_kind":"plain","computed":true},"id":{"type":"string","description_kind":"plain","optional":true,"computed":true},"ipsec_id":{"type":"string","description_kind":"plain","required":true},"time_created":{"type":"string","description_kind":"plain","computed":true},"tunnels":{"type":["list",["object",{"ip_address":"string","state":"string","time_created":"string","time_state_modified":"string"}]],"description_kind":"plain","computed":true}},"block_types":{"filter":{"nesting_mode":"set","block":{"attributes":{"name":{"type":"string","description_kind":"plain","required":true},"regex":{"type":"bool","description_kind":"plain","optional":true},"values":{"type":["list","string"],"description_kind":"plain","required":true}},"description_kind":"plain"}}},"description_kind":"plain"}},"oci_core_letter_of_authority":{"version":0,"block":{"attributes":{"authorized_entity_name":{"type":"string","description_kind":"plain","computed":true},"circuit_type":{"type":"string","description_kind":"plain","computed":true},"cross_connect_id":{"type":"string","description_kind":"plain","required":true},"facility_location":{"type":"string","description_kind":"plain","computed":true},"id":{"type":"string","description_kind":"plain","optional":true,"computed":true},"port_name":{"type":"string","description_kind":"plain","computed":true},"time_expires":{"type":"string","description_kind":"plain","computed":true},"time_issued":{"type":"string","description_kind":"plain","computed":true}},"description_kind":"plain"}},"oci_core_listing_resource_version":{"version":0,"block":{"attributes":{"accessible_ports":{"type":["list","number"],"description_kind":"plain","computed":true},"allowed_actions":{"type":["list","string"],"description_kind":"plain","computed":true},"available_regions":{"type":["list","string"],"description_kind":"plain","computed":true},"compatible_shapes":{"type":["list","string"],"description_kind":"plain","computed":true},"id":{"type":"string","description_kind":"plain","optional":true,"computed":true},"listing_id":{"type":"string","description_kind":"plain","required":true},"listing_resource_id":{"type":"string","description_kind":"plain","computed":true},"listing_resource_version":{"type":"string","description_kind":"plain","computed":true},"resource_version":{"type":"string","description_kind":"plain","required":true},"time_published":{"type":"string","description_kind":"plain","computed":true}},"description_kind":"plain"}},"oci_core_listing_resource_versions":{"version":0,"block":{"attributes":{"app_catalog_listing_resource_versions":{"type":["list",["object",{"accessible_ports":["list","number"],"allowed_actions":["list","string"],"available_regions":["list","string"],"compatible_shapes":["list","string"],"listing_id":"string","listing_resource_id":"string","listing_resource_version":"string","time_published":"string"}]],"description_kind":"plain","computed":true},"id":{"type":"string","description_kind":"plain","optional":true,"computed":true},"listing_id":{"type":"string","description_kind":"plain","required":true}},"block_types":{"filter":{"nesting_mode":"set","block":{"attributes":{"name":{"type":"string","description_kind":"plain","required":true},"regex":{"type":"bool","description_kind":"plain","optional":true},"values":{"type":["list","string"],"description_kind":"plain","required":true}},"description_kind":"plain"}}},"description_kind":"plain"}},"oci_core_local_peering_gateways":{"version":0,"block":{"attributes":{"compartment_id":{"type":"string","description_kind":"plain","required":true},"id":{"type":"string","description_kind":"plain","optional":true,"computed":true},"local_peering_gateways":{"type":["list",["object",{"compartment_id":"string","defined_tags":["map","string"],"display_name":"string","freeform_tags":["map","string"],"id":"string","is_cross_tenancy_peering":"bool","peer_advertised_cidr":"string","peer_advertised_cidr_details":["list","string"],"peer_id":"string","peering_status":"string","peering_status_details":"string","route_table_id":"string","state":"string","time_created":"string","vcn_id":"string"}]],"description_kind":"plain","computed":true},"vcn_id":{"type":"string","description_kind":"plain","optional":true}},"block_types":{"filter":{"nesting_mode":"set","block":{"attributes":{"name":{"type":"string","description_kind":"plain","required":true},"regex":{"type":"bool","description_kind":"plain","optional":true},"values":{"type":["list","string"],"description_kind":"plain","required":true}},"description_kind":"plain"}}},"description_kind":"plain"}},"oci_core_nat_gateway":{"version":0,"block":{"attributes":{"block_traffic":{"type":"bool","description_kind":"plain","computed":true},"compartment_id":{"type":"string","description_kind":"plain","computed":true},"defined_tags":{"type":["map","string"],"description_kind":"plain","computed":true},"display_name":{"type":"string","description_kind":"plain","computed":true},"freeform_tags":{"type":["map","string"],"description_kind":"plain","computed":true},"id":{"type":"string","description_kind":"plain","computed":true},"nat_gateway_id":{"type":"string","description_kind":"plain","required":true},"nat_ip":{"type":"string","description_kind":"plain","computed":true},"state":{"type":"string","description_kind":"plain","computed":true},"time_created":{"type":"string","description_kind":"plain","computed":true},"vcn_id":{"type":"string","description_kind":"plain","computed":true}},"description_kind":"plain"}},"oci_core_nat_gateways":{"version":0,"block":{"attributes":{"compartment_id":{"type":"string","description_kind":"plain","required":true},"display_name":{"type":"string","description_kind":"plain","optional":true},"id":{"type":"string","description_kind":"plain","optional":true,"computed":true},"nat_gateways":{"type":["list",["object",{"block_traffic":"bool","compartment_id":"string","defined_tags":["map","string"],"display_name":"string","freeform_tags":["map","string"],"id":"string","nat_ip":"string","state":"string","time_created":"string","vcn_id":"string"}]],"description_kind":"plain","computed":true},"state":{"type":"string","description_kind":"plain","optional":true},"vcn_id":{"type":"string","description_kind":"plain","optional":true}},"block_types":{"filter":{"nesting_mode":"set","block":{"attributes":{"name":{"type":"string","description_kind":"plain","required":true},"regex":{"type":"bool","description_kind":"plain","optional":true},"values":{"type":["list","string"],"description_kind":"plain","required":true}},"description_kind":"plain"}}},"description_kind":"plain"}},"oci_core_network_security_group":{"version":0,"block":{"attributes":{"compartment_id":{"type":"string","description_kind":"plain","computed":true},"defined_tags":{"type":["map","string"],"description_kind":"plain","computed":true},"display_name":{"type":"string","description_kind":"plain","computed":true},"freeform_tags":{"type":["map","string"],"description_kind":"plain","computed":true},"id":{"type":"string","description_kind":"plain","computed":true},"network_security_group_id":{"type":"string","description_kind":"plain","required":true},"state":{"type":"string","description_kind":"plain","computed":true},"time_created":{"type":"string","description_kind":"plain","computed":true},"vcn_id":{"type":"string","description_kind":"plain","computed":true}},"description_kind":"plain"}},"oci_core_network_security_group_security_rules":{"version":0,"block":{"attributes":{"direction":{"type":"string","description_kind":"plain","optional":true},"id":{"type":"string","description_kind":"plain","optional":true,"computed":true},"network_security_group_id":{"type":"string","description_kind":"plain","required":true},"security_rules":{"type":["list",["object",{"description":"string","destination":"string","destination_type":"string","direction":"string","icmp_options":["list",["object",{"code":"number","type":"number"}]],"id":"string","is_valid":"bool","protocol":"string","source":"string","source_type":"string","stateless":"bool","tcp_options":["list",["object",{"destination_port_range":["list",["object",{"max":"number","min":"number"}]],"source_port_range":["list",["object",{"max":"number","min":"number"}]]}]],"time_created":"string","udp_options":["list",["object",{"destination_port_range":["list",["object",{"max":"number","min":"number"}]],"source_port_range":["list",["object",{"max":"number","min":"number"}]]}]]}]],"description_kind":"plain","computed":true}},"block_types":{"filter":{"nesting_mode":"set","block":{"attributes":{"name":{"type":"string","description_kind":"plain","required":true},"regex":{"type":"bool","description_kind":"plain","optional":true},"values":{"type":["list","string"],"description_kind":"plain","required":true}},"description_kind":"plain"}}},"description_kind":"plain"}},"oci_core_network_security_group_vnics":{"version":0,"block":{"attributes":{"id":{"type":"string","description_kind":"plain","optional":true,"computed":true},"network_security_group_id":{"type":"string","description_kind":"plain","required":true},"network_security_group_vnics":{"type":["list",["object",{"resource_id":"string","time_associated":"string","vnic_id":"string"}]],"description_kind":"plain","computed":true}},"block_types":{"filter":{"nesting_mode":"set","block":{"attributes":{"name":{"type":"string","description_kind":"plain","required":true},"regex":{"type":"bool","description_kind":"plain","optional":true},"values":{"type":["list","string"],"description_kind":"plain","required":true}},"description_kind":"plain"}}},"description_kind":"plain"}},"oci_core_network_security_groups":{"version":0,"block":{"attributes":{"compartment_id":{"type":"string","description_kind":"plain","required":true},"display_name":{"type":"string","description_kind":"plain","optional":true},"id":{"type":"string","description_kind":"plain","optional":true,"computed":true},"network_security_groups":{"type":["list",["object",{"compartment_id":"string","defined_tags":["map","string"],"display_name":"string","freeform_tags":["map","string"],"id":"string","state":"string","time_created":"string","vcn_id":"string"}]],"description_kind":"plain","computed":true},"state":{"type":"string","description_kind":"plain","optional":true},"vcn_id":{"type":"string","description_kind":"plain","optional":true}},"block_types":{"filter":{"nesting_mode":"set","block":{"attributes":{"name":{"type":"string","description_kind":"plain","required":true},"regex":{"type":"bool","description_kind":"plain","optional":true},"values":{"type":["list","string"],"description_kind":"plain","required":true}},"description_kind":"plain"}}},"description_kind":"plain"}},"oci_core_peer_region_for_remote_peerings":{"version":0,"block":{"attributes":{"id":{"type":"string","description_kind":"plain","optional":true,"computed":true},"peer_region_for_remote_peerings":{"type":["list",["object",{"name":"string"}]],"description_kind":"plain","computed":true}},"block_types":{"filter":{"nesting_mode":"set","block":{"attributes":{"name":{"type":"string","description_kind":"plain","required":true},"regex":{"type":"bool","description_kind":"plain","optional":true},"values":{"type":["list","string"],"description_kind":"plain","required":true}},"description_kind":"plain"}}},"description_kind":"plain"}},"oci_core_private_ip":{"version":0,"block":{"attributes":{"availability_domain":{"type":"string","description_kind":"plain","computed":true},"compartment_id":{"type":"string","description_kind":"plain","computed":true},"defined_tags":{"type":["map","string"],"description_kind":"plain","computed":true},"display_name":{"type":"string","description_kind":"plain","computed":true},"freeform_tags":{"type":["map","string"],"description_kind":"plain","computed":true},"hostname_label":{"type":"string","description_kind":"plain","computed":true},"id":{"type":"string","description_kind":"plain","computed":true},"ip_address":{"type":"string","description_kind":"plain","computed":true},"is_primary":{"type":"bool","description_kind":"plain","computed":true},"private_ip_id":{"type":"string","description_kind":"plain","required":true},"subnet_id":{"type":"string","description_kind":"plain","computed":true},"time_created":{"type":"string","description_kind":"plain","computed":true},"vlan_id":{"type":"string","description_kind":"plain","computed":true},"vnic_id":{"type":"string","description_kind":"plain","computed":true}},"description_kind":"plain"}},"oci_core_private_ips":{"version":0,"block":{"attributes":{"id":{"type":"string","description_kind":"plain","optional":true,"computed":true},"ip_address":{"type":"string","description_kind":"plain","optional":true},"private_ips":{"type":["list",["object",{"availability_domain":"string","compartment_id":"string","defined_tags":["map","string"],"display_name":"string","freeform_tags":["map","string"],"hostname_label":"string","id":"string","ip_address":"string","is_primary":"bool","subnet_id":"string","time_created":"string","vlan_id":"string","vnic_id":"string"}]],"description_kind":"plain","computed":true},"subnet_id":{"type":"string","description_kind":"plain","optional":true},"vlan_id":{"type":"string","description_kind":"plain","optional":true},"vnic_id":{"type":"string","description_kind":"plain","optional":true}},"block_types":{"filter":{"nesting_mode":"set","block":{"attributes":{"name":{"type":"string","description_kind":"plain","required":true},"regex":{"type":"bool","description_kind":"plain","optional":true},"values":{"type":["list","string"],"description_kind":"plain","required":true}},"description_kind":"plain"}}},"description_kind":"plain"}},"oci_core_public_ip":{"version":0,"block":{"attributes":{"assigned_entity_id":{"type":"string","description_kind":"plain","computed":true},"assigned_entity_type":{"type":"string","description_kind":"plain","computed":true},"availability_domain":{"type":"string","description_kind":"plain","computed":true},"compartment_id":{"type":"string","description_kind":"plain","computed":true},"defined_tags":{"type":["map","string"],"description_kind":"plain","computed":true},"display_name":{"type":"string","description_kind":"plain","computed":true},"freeform_tags":{"type":["map","string"],"description_kind":"plain","computed":true},"id":{"type":"string","description_kind":"plain","optional":true,"computed":true},"ip_address":{"type":"string","description_kind":"plain","optional":true,"computed":true},"lifetime":{"type":"string","description_kind":"plain","computed":true},"private_ip_id":{"type":"string","description_kind":"plain","optional":true,"computed":true},"scope":{"type":"string","description_kind":"plain","computed":true},"state":{"type":"string","description_kind":"plain","computed":true},"time_created":{"type":"string","description_kind":"plain","computed":true}},"block_types":{"timeouts":{"nesting_mode":"single","block":{"attributes":{"create":{"type":"string","description_kind":"plain","optional":true},"delete":{"type":"string","description_kind":"plain","optional":true},"update":{"type":"string","description_kind":"plain","optional":true}},"description_kind":"plain"}}},"description_kind":"plain"}},"oci_core_public_ips":{"version":0,"block":{"attributes":{"availability_domain":{"type":"string","description_kind":"plain","optional":true},"compartment_id":{"type":"string","description_kind":"plain","required":true},"id":{"type":"string","description_kind":"plain","optional":true,"computed":true},"lifetime":{"type":"string","description_kind":"plain","optional":true},"public_ips":{"type":["list",["object",{"assigned_entity_id":"string","assigned_entity_type":"string","availability_domain":"string","compartment_id":"string","defined_tags":["map","string"],"display_name":"string","freeform_tags":["map","string"],"id":"string","ip_address":"string","lifetime":"string","private_ip_id":"string","scope":"string","state":"string","time_created":"string"}]],"description_kind":"plain","computed":true},"scope":{"type":"string","description_kind":"plain","required":true}},"block_types":{"filter":{"nesting_mode":"set","block":{"attributes":{"name":{"type":"string","description_kind":"plain","required":true},"regex":{"type":"bool","description_kind":"plain","optional":true},"values":{"type":["list","string"],"description_kind":"plain","required":true}},"description_kind":"plain"}}},"description_kind":"plain"}},"oci_core_remote_peering_connections":{"version":0,"block":{"attributes":{"compartment_id":{"type":"string","description_kind":"plain","required":true},"drg_id":{"type":"string","description_kind":"plain","optional":true},"id":{"type":"string","description_kind":"plain","optional":true,"computed":true},"remote_peering_connections":{"type":["list",["object",{"compartment_id":"string","defined_tags":["map","string"],"display_name":"string","drg_id":"string","freeform_tags":["map","string"],"id":"string","is_cross_tenancy_peering":"bool","peer_id":"string","peer_region_name":"string","peer_tenancy_id":"string","peering_status":"string","state":"string","time_created":"string"}]],"description_kind":"plain","computed":true}},"block_types":{"filter":{"nesting_mode":"set","block":{"attributes":{"name":{"type":"string","description_kind":"plain","required":true},"regex":{"type":"bool","description_kind":"plain","optional":true},"values":{"type":["list","string"],"description_kind":"plain","required":true}},"description_kind":"plain"}}},"description_kind":"plain"}},"oci_core_route_tables":{"version":0,"block":{"attributes":{"compartment_id":{"type":"string","description_kind":"plain","required":true},"display_name":{"type":"string","description_kind":"plain","optional":true},"id":{"type":"string","description_kind":"plain","optional":true,"computed":true},"route_tables":{"type":["list",["object",{"compartment_id":"string","defined_tags":["map","string"],"display_name":"string","freeform_tags":["map","string"],"id":"string","route_rules":["list",["object",{"cidr_block":"string","description":"string","destination":"string","destination_type":"string","network_entity_id":"string"}]],"state":"string","time_created":"string","vcn_id":"string"}]],"description_kind":"plain","computed":true},"state":{"type":"string","description_kind":"plain","optional":true},"vcn_id":{"type":"string","description_kind":"plain","optional":true}},"block_types":{"filter":{"nesting_mode":"set","block":{"attributes":{"name":{"type":"string","description_kind":"plain","required":true},"regex":{"type":"bool","description_kind":"plain","optional":true},"values":{"type":["list","string"],"description_kind":"plain","required":true}},"description_kind":"plain"}}},"description_kind":"plain"}},"oci_core_security_lists":{"version":0,"block":{"attributes":{"compartment_id":{"type":"string","description_kind":"plain","required":true},"display_name":{"type":"string","description_kind":"plain","optional":true},"id":{"type":"string","description_kind":"plain","optional":true,"computed":true},"security_lists":{"type":["list",["object",{"compartment_id":"string","defined_tags":["map","string"],"display_name":"string","egress_security_rules":["list",["object",{"description":"string","destination":"string","destination_type":"string","icmp_options":["list",["object",{"code":"number","type":"number"}]],"protocol":"string","stateless":"bool","tcp_options":["list",["object",{"max":"number","min":"number","source_port_range":["list",["object",{"max":"number","min":"number"}]]}]],"udp_options":["list",["object",{"max":"number","min":"number","source_port_range":["list",["object",{"max":"number","min":"number"}]]}]]}]],"freeform_tags":["map","string"],"id":"string","ingress_security_rules":["list",["object",{"description":"string","icmp_options":["list",["object",{"code":"number","type":"number"}]],"protocol":"string","source":"string","source_type":"string","stateless":"bool","tcp_options":["list",["object",{"max":"number","min":"number","source_port_range":["list",["object",{"max":"number","min":"number"}]]}]],"udp_options":["list",["object",{"max":"number","min":"number","source_port_range":["list",["object",{"max":"number","min":"number"}]]}]]}]],"state":"string","time_created":"string","vcn_id":"string"}]],"description_kind":"plain","computed":true},"state":{"type":"string","description_kind":"plain","optional":true},"vcn_id":{"type":"string","description_kind":"plain","optional":true}},"block_types":{"filter":{"nesting_mode":"set","block":{"attributes":{"name":{"type":"string","description_kind":"plain","required":true},"regex":{"type":"bool","description_kind":"plain","optional":true},"values":{"type":["list","string"],"description_kind":"plain","required":true}},"description_kind":"plain"}}},"description_kind":"plain"}},"oci_core_service_gateways":{"version":0,"block":{"attributes":{"compartment_id":{"type":"string","description_kind":"plain","required":true},"id":{"type":"string","description_kind":"plain","optional":true,"computed":true},"service_gateways":{"type":["list",["object",{"block_traffic":"bool","compartment_id":"string","defined_tags":["map","string"],"display_name":"string","freeform_tags":["map","string"],"id":"string","route_table_id":"string","services":["list",["object",{"service_id":"string","service_name":"string"}]],"state":"string","time_created":"string","vcn_id":"string"}]],"description_kind":"plain","computed":true},"state":{"type":"string","description_kind":"plain","optional":true},"vcn_id":{"type":"string","description_kind":"plain","optional":true}},"block_types":{"filter":{"nesting_mode":"set","block":{"attributes":{"name":{"type":"string","description_kind":"plain","required":true},"regex":{"type":"bool","description_kind":"plain","optional":true},"values":{"type":["list","string"],"description_kind":"plain","required":true}},"description_kind":"plain"}}},"description_kind":"plain"}},"oci_core_services":{"version":0,"block":{"attributes":{"id":{"type":"string","description_kind":"plain","optional":true,"computed":true},"services":{"type":["list",["object",{"cidr_block":"string","description":"string","id":"string","name":"string"}]],"description_kind":"plain","computed":true}},"block_types":{"filter":{"nesting_mode":"set","block":{"attributes":{"name":{"type":"string","description_kind":"plain","required":true},"regex":{"type":"bool","description_kind":"plain","optional":true},"values":{"type":["list","string"],"description_kind":"plain","required":true}},"description_kind":"plain"}}},"description_kind":"plain"}},"oci_core_shape":{"version":0,"block":{"attributes":{"availability_domain":{"type":"string","description_kind":"plain","optional":true},"compartment_id":{"type":"string","description_kind":"plain","required":true},"id":{"type":"string","description_kind":"plain","optional":true,"computed":true},"image_id":{"type":"string","description_kind":"plain","optional":true},"shapes":{"type":["list",["object",{"gpu_description":"string","gpus":"number","local_disk_description":"string","local_disks":"number","local_disks_total_size_in_gbs":"number","max_vnic_attachment_options":["list",["object",{"default_per_ocpu":"number","max":"number","min":"number"}]],"max_vnic_attachments":"number","memory_in_gbs":"number","memory_options":["list",["object",{"default_per_ocpu_in_gbs":"number","max_in_gbs":"number","min_in_gbs":"number"}]],"name":"string","networking_bandwidth_in_gbps":"number","networking_bandwidth_options":["list",["object",{"default_per_ocpu_in_gbps":"number","max_in_gbps":"number","min_in_gbps":"number"}]],"ocpu_options":["list",["object",{"max":"number","min":"number"}]],"ocpus":"number","processor_description":"string"}]],"description_kind":"plain","computed":true}},"block_types":{"filter":{"nesting_mode":"set","block":{"attributes":{"name":{"type":"string","description_kind":"plain","required":true},"regex":{"type":"bool","description_kind":"plain","optional":true},"values":{"type":["list","string"],"description_kind":"plain","required":true}},"description_kind":"plain"}}},"description_kind":"plain"}},"oci_core_shapes":{"version":0,"block":{"attributes":{"availability_domain":{"type":"string","description_kind":"plain","optional":true},"compartment_id":{"type":"string","description_kind":"plain","required":true},"id":{"type":"string","description_kind":"plain","optional":true,"computed":true},"image_id":{"type":"string","description_kind":"plain","optional":true},"shapes":{"type":["list",["object",{"gpu_description":"string","gpus":"number","local_disk_description":"string","local_disks":"number","local_disks_total_size_in_gbs":"number","max_vnic_attachment_options":["list",["object",{"default_per_ocpu":"number","max":"number","min":"number"}]],"max_vnic_attachments":"number","memory_in_gbs":"number","memory_options":["list",["object",{"default_per_ocpu_in_gbs":"number","max_in_gbs":"number","min_in_gbs":"number"}]],"name":"string","networking_bandwidth_in_gbps":"number","networking_bandwidth_options":["list",["object",{"default_per_ocpu_in_gbps":"number","max_in_gbps":"number","min_in_gbps":"number"}]],"ocpu_options":["list",["object",{"max":"number","min":"number"}]],"ocpus":"number","processor_description":"string"}]],"description_kind":"plain","computed":true}},"block_types":{"filter":{"nesting_mode":"set","block":{"attributes":{"name":{"type":"string","description_kind":"plain","required":true},"regex":{"type":"bool","description_kind":"plain","optional":true},"values":{"type":["list","string"],"description_kind":"plain","required":true}},"description_kind":"plain"}}},"description_kind":"plain"}},"oci_core_subnet":{"version":0,"block":{"attributes":{"availability_domain":{"type":"string","description_kind":"plain","computed":true},"cidr_block":{"type":"string","description_kind":"plain","computed":true},"compartment_id":{"type":"string","description_kind":"plain","computed":true},"defined_tags":{"type":["map","string"],"description_kind":"plain","computed":true},"dhcp_options_id":{"type":"string","description_kind":"plain","computed":true},"display_name":{"type":"string","description_kind":"plain","computed":true},"dns_label":{"type":"string","description_kind":"plain","computed":true},"freeform_tags":{"type":["map","string"],"description_kind":"plain","computed":true},"id":{"type":"string","description_kind":"plain","computed":true},"ipv6cidr_block":{"type":"string","description_kind":"plain","computed":true},"ipv6public_cidr_block":{"type":"string","description_kind":"plain","computed":true},"ipv6virtual_router_ip":{"type":"string","description_kind":"plain","computed":true},"prohibit_public_ip_on_vnic":{"type":"bool","description_kind":"plain","computed":true},"route_table_id":{"type":"string","description_kind":"plain","computed":true},"security_list_ids":{"type":["list","string"],"description_kind":"plain","computed":true},"state":{"type":"string","description_kind":"plain","computed":true},"subnet_domain_name":{"type":"string","description_kind":"plain","computed":true},"subnet_id":{"type":"string","description_kind":"plain","required":true},"time_created":{"type":"string","description_kind":"plain","computed":true},"vcn_id":{"type":"string","description_kind":"plain","computed":true},"virtual_router_ip":{"type":"string","description_kind":"plain","computed":true},"virtual_router_mac":{"type":"string","description_kind":"plain","computed":true}},"description_kind":"plain"}},"oci_core_subnets":{"version":0,"block":{"attributes":{"compartment_id":{"type":"string","description_kind":"plain","required":true},"display_name":{"type":"string","description_kind":"plain","optional":true},"id":{"type":"string","description_kind":"plain","optional":true,"computed":true},"state":{"type":"string","description_kind":"plain","optional":true},"subnets":{"type":["list",["object",{"availability_domain":"string","cidr_block":"string","compartment_id":"string","defined_tags":["map","string"],"dhcp_options_id":"string","display_name":"string","dns_label":"string","freeform_tags":["map","string"],"id":"string","ipv6cidr_block":"string","ipv6public_cidr_block":"string","ipv6virtual_router_ip":"string","prohibit_public_ip_on_vnic":"bool","route_table_id":"string","security_list_ids":["list","string"],"state":"string","subnet_domain_name":"string","time_created":"string","vcn_id":"string","virtual_router_ip":"string","virtual_router_mac":"string"}]],"description_kind":"plain","computed":true},"vcn_id":{"type":"string","description_kind":"plain","optional":true}},"block_types":{"filter":{"nesting_mode":"set","block":{"attributes":{"name":{"type":"string","description_kind":"plain","required":true},"regex":{"type":"bool","description_kind":"plain","optional":true},"values":{"type":["list","string"],"description_kind":"plain","required":true}},"description_kind":"plain"}}},"description_kind":"plain"}},"oci_core_vcn":{"version":0,"block":{"attributes":{"cidr_block":{"type":"string","description_kind":"plain","computed":true},"compartment_id":{"type":"string","description_kind":"plain","computed":true},"default_dhcp_options_id":{"type":"string","description_kind":"plain","computed":true},"default_route_table_id":{"type":"string","description_kind":"plain","computed":true},"default_security_list_id":{"type":"string","description_kind":"plain","computed":true},"defined_tags":{"type":["map","string"],"description_kind":"plain","computed":true},"display_name":{"type":"string","description_kind":"plain","computed":true},"dns_label":{"type":"string","description_kind":"plain","computed":true},"freeform_tags":{"type":["map","string"],"description_kind":"plain","computed":true},"id":{"type":"string","description_kind":"plain","computed":true},"ipv6cidr_block":{"type":"string","description_kind":"plain","computed":true},"ipv6public_cidr_block":{"type":"string","description_kind":"plain","computed":true},"is_ipv6enabled":{"type":"bool","description_kind":"plain","computed":true},"state":{"type":"string","description_kind":"plain","computed":true},"time_created":{"type":"string","description_kind":"plain","computed":true},"vcn_domain_name":{"type":"string","description_kind":"plain","computed":true},"vcn_id":{"type":"string","description_kind":"plain","required":true}},"description_kind":"plain"}},"oci_core_vcns":{"version":0,"block":{"attributes":{"compartment_id":{"type":"string","description_kind":"plain","required":true},"display_name":{"type":"string","description_kind":"plain","optional":true},"id":{"type":"string","description_kind":"plain","optional":true,"computed":true},"state":{"type":"string","description_kind":"plain","optional":true},"virtual_networks":{"type":["list",["object",{"cidr_block":"string","compartment_id":"string","default_dhcp_options_id":"string","default_route_table_id":"string","default_security_list_id":"string","defined_tags":["map","string"],"display_name":"string","dns_label":"string","freeform_tags":["map","string"],"id":"string","ipv6cidr_block":"string","ipv6public_cidr_block":"string","is_ipv6enabled":"bool","state":"string","time_created":"string","vcn_domain_name":"string"}]],"description_kind":"plain","computed":true}},"block_types":{"filter":{"nesting_mode":"set","block":{"attributes":{"name":{"type":"string","description_kind":"plain","required":true},"regex":{"type":"bool","description_kind":"plain","optional":true},"values":{"type":["list","string"],"description_kind":"plain","required":true}},"description_kind":"plain"}}},"description_kind":"plain"}},"oci_core_virtual_circuit":{"version":0,"block":{"attributes":{"bandwidth_shape_name":{"type":"string","description_kind":"plain","computed":true},"bgp_management":{"type":"string","description_kind":"plain","computed":true},"bgp_session_state":{"type":"string","description_kind":"plain","computed":true},"compartment_id":{"type":"string","description_kind":"plain","computed":true},"cross_connect_mappings":{"type":["list",["object",{"bgp_md5auth_key":"string","cross_connect_or_cross_connect_group_id":"string","customer_bgp_peering_ip":"string","customer_bgp_peering_ipv6":"string","oracle_bgp_peering_ip":"string","oracle_bgp_peering_ipv6":"string","vlan":"number"}]],"description_kind":"plain","computed":true},"customer_asn":{"type":"string","description_kind":"plain","computed":true},"customer_bgp_asn":{"type":"number","description_kind":"plain","computed":true},"defined_tags":{"type":["map","string"],"description_kind":"plain","computed":true},"display_name":{"type":"string","description_kind":"plain","computed":true},"freeform_tags":{"type":["map","string"],"description_kind":"plain","computed":true},"gateway_id":{"type":"string","description_kind":"plain","computed":true},"id":{"type":"string","description_kind":"plain","computed":true},"oracle_bgp_asn":{"type":"number","description_kind":"plain","computed":true},"provider_service_id":{"type":"string","description_kind":"plain","computed":true},"provider_service_key_name":{"type":"string","description_kind":"plain","computed":true},"provider_state":{"type":"string","description_kind":"plain","computed":true},"public_prefixes":{"type":["list",["object",{"cidr_block":"string"}]],"description_kind":"plain","computed":true},"reference_comment":{"type":"string","description_kind":"plain","computed":true},"region":{"type":"string","description_kind":"plain","computed":true},"service_type":{"type":"string","description_kind":"plain","computed":true},"state":{"type":"string","description_kind":"plain","computed":true},"time_created":{"type":"string","description_kind":"plain","computed":true},"type":{"type":"string","description_kind":"plain","computed":true},"virtual_circuit_id":{"type":"string","description_kind":"plain","required":true}},"description_kind":"plain"}},"oci_core_virtual_circuit_bandwidth_shapes":{"version":0,"block":{"attributes":{"id":{"type":"string","description_kind":"plain","optional":true,"computed":true},"provider_service_id":{"type":"string","description_kind":"plain","required":true},"virtual_circuit_bandwidth_shapes":{"type":["list",["object",{"bandwidth_in_mbps":"number","name":"string"}]],"description_kind":"plain","computed":true}},"block_types":{"filter":{"nesting_mode":"set","block":{"attributes":{"name":{"type":"string","description_kind":"plain","required":true},"regex":{"type":"bool","description_kind":"plain","optional":true},"values":{"type":["list","string"],"description_kind":"plain","required":true}},"description_kind":"plain"}}},"description_kind":"plain"}},"oci_core_virtual_circuit_public_prefixes":{"version":0,"block":{"attributes":{"id":{"type":"string","description_kind":"plain","optional":true,"computed":true},"verification_state":{"type":"string","description_kind":"plain","optional":true},"virtual_circuit_id":{"type":"string","description_kind":"plain","required":true},"virtual_circuit_public_prefixes":{"type":["list",["object",{"cidr_block":"string","verification_state":"string"}]],"description_kind":"plain","computed":true}},"block_types":{"filter":{"nesting_mode":"set","block":{"attributes":{"name":{"type":"string","description_kind":"plain","required":true},"regex":{"type":"bool","description_kind":"plain","optional":true},"values":{"type":["list","string"],"description_kind":"plain","required":true}},"description_kind":"plain"}}},"description_kind":"plain"}},"oci_core_virtual_circuits":{"version":0,"block":{"attributes":{"compartment_id":{"type":"string","description_kind":"plain","required":true},"display_name":{"type":"string","description_kind":"plain","optional":true},"id":{"type":"string","description_kind":"plain","optional":true,"computed":true},"state":{"type":"string","description_kind":"plain","optional":true},"virtual_circuits":{"type":["list",["object",{"bandwidth_shape_name":"string","bgp_management":"string","bgp_session_state":"string","compartment_id":"string","cross_connect_mappings":["list",["object",{"bgp_md5auth_key":"string","cross_connect_or_cross_connect_group_id":"string","customer_bgp_peering_ip":"string","customer_bgp_peering_ipv6":"string","oracle_bgp_peering_ip":"string","oracle_bgp_peering_ipv6":"string","vlan":"number"}]],"customer_asn":"string","customer_bgp_asn":"number","defined_tags":["map","string"],"display_name":"string","freeform_tags":["map","string"],"gateway_id":"string","id":"string","oracle_bgp_asn":"number","provider_service_id":"string","provider_service_key_name":"string","provider_state":"string","public_prefixes":["list",["object",{"cidr_block":"string"}]],"reference_comment":"string","region":"string","service_type":"string","state":"string","time_created":"string","type":"string","virtual_circuit_id":"string"}]],"description_kind":"plain","computed":true}},"block_types":{"filter":{"nesting_mode":"set","block":{"attributes":{"name":{"type":"string","description_kind":"plain","required":true},"regex":{"type":"bool","description_kind":"plain","optional":true},"values":{"type":["list","string"],"description_kind":"plain","required":true}},"description_kind":"plain"}}},"description_kind":"plain"}},"oci_core_virtual_networks":{"version":0,"block":{"attributes":{"compartment_id":{"type":"string","description_kind":"plain","required":true},"display_name":{"type":"string","description_kind":"plain","optional":true},"id":{"type":"string","description_kind":"plain","optional":true,"computed":true},"state":{"type":"string","description_kind":"plain","optional":true},"virtual_networks":{"type":["list",["object",{"cidr_block":"string","compartment_id":"string","default_dhcp_options_id":"string","default_route_table_id":"string","default_security_list_id":"string","defined_tags":["map","string"],"display_name":"string","dns_label":"string","freeform_tags":["map","string"],"id":"string","ipv6cidr_block":"string","ipv6public_cidr_block":"string","is_ipv6enabled":"bool","state":"string","time_created":"string","vcn_domain_name":"string"}]],"description_kind":"plain","computed":true}},"block_types":{"filter":{"nesting_mode":"set","block":{"attributes":{"name":{"type":"string","description_kind":"plain","required":true},"regex":{"type":"bool","description_kind":"plain","optional":true},"values":{"type":["list","string"],"description_kind":"plain","required":true}},"description_kind":"plain"}}},"description_kind":"plain"}},"oci_core_vlan":{"version":0,"block":{"attributes":{"availability_domain":{"type":"string","description_kind":"plain","computed":true},"cidr_block":{"type":"string","description_kind":"plain","computed":true},"compartment_id":{"type":"string","description_kind":"plain","computed":true},"defined_tags":{"type":["map","string"],"description_kind":"plain","computed":true},"display_name":{"type":"string","description_kind":"plain","computed":true},"freeform_tags":{"type":["map","string"],"description_kind":"plain","computed":true},"id":{"type":"string","description_kind":"plain","computed":true},"nsg_ids":{"type":["list","string"],"description_kind":"plain","computed":true},"route_table_id":{"type":"string","description_kind":"plain","computed":true},"state":{"type":"string","description_kind":"plain","computed":true},"time_created":{"type":"string","description_kind":"plain","computed":true},"vcn_id":{"type":"string","description_kind":"plain","computed":true},"vlan_id":{"type":"string","description_kind":"plain","required":true},"vlan_tag":{"type":"number","description_kind":"plain","computed":true}},"description_kind":"plain"}},"oci_core_vlans":{"version":0,"block":{"attributes":{"compartment_id":{"type":"string","description_kind":"plain","required":true},"display_name":{"type":"string","description_kind":"plain","optional":true},"id":{"type":"string","description_kind":"plain","optional":true,"computed":true},"state":{"type":"string","description_kind":"plain","optional":true},"vcn_id":{"type":"string","description_kind":"plain","required":true},"vlans":{"type":["list",["object",{"availability_domain":"string","cidr_block":"string","compartment_id":"string","defined_tags":["map","string"],"display_name":"string","freeform_tags":["map","string"],"id":"string","nsg_ids":["list","string"],"route_table_id":"string","state":"string","time_created":"string","vcn_id":"string","vlan_tag":"number"}]],"description_kind":"plain","computed":true}},"block_types":{"filter":{"nesting_mode":"set","block":{"attributes":{"name":{"type":"string","description_kind":"plain","required":true},"regex":{"type":"bool","description_kind":"plain","optional":true},"values":{"type":["list","string"],"description_kind":"plain","required":true}},"description_kind":"plain"}}},"description_kind":"plain"}},"oci_core_vnic":{"version":0,"block":{"attributes":{"availability_domain":{"type":"string","description_kind":"plain","computed":true},"compartment_id":{"type":"string","description_kind":"plain","computed":true},"defined_tags":{"type":["map","string"],"description_kind":"plain","computed":true},"display_name":{"type":"string","description_kind":"plain","computed":true},"freeform_tags":{"type":["map","string"],"description_kind":"plain","computed":true},"hostname_label":{"type":"string","description_kind":"plain","computed":true},"id":{"type":"string","description_kind":"plain","optional":true,"computed":true},"is_primary":{"type":"bool","description_kind":"plain","computed":true},"mac_address":{"type":"string","description_kind":"plain","computed":true},"nsg_ids":{"type":["list","string"],"description_kind":"plain","computed":true},"private_ip_address":{"type":"string","description_kind":"plain","computed":true},"public_ip_address":{"type":"string","description_kind":"plain","computed":true},"skip_source_dest_check":{"type":"bool","description_kind":"plain","computed":true},"state":{"type":"string","description_kind":"plain","computed":true},"subnet_id":{"type":"string","description_kind":"plain","computed":true},"time_created":{"type":"string","description_kind":"plain","computed":true},"vlan_id":{"type":"string","description_kind":"plain","computed":true},"vnic_id":{"type":"string","description_kind":"plain","required":true}},"description_kind":"plain"}},"oci_core_vnic_attachments":{"version":0,"block":{"attributes":{"availability_domain":{"type":"string","description_kind":"plain","optional":true},"compartment_id":{"type":"string","description_kind":"plain","required":true},"id":{"type":"string","description_kind":"plain","optional":true,"computed":true},"instance_id":{"type":"string","description_kind":"plain","optional":true},"vnic_attachments":{"type":["list",["object",{"availability_domain":"string","compartment_id":"string","create_vnic_details":["list",["object",{"assign_public_ip":"string","defined_tags":["map","string"],"display_name":"string","freeform_tags":["map","string"],"hostname_label":"string","nsg_ids":["list","string"],"private_ip":"string","skip_source_dest_check":"bool","subnet_id":"string","vlan_id":"string"}]],"display_name":"string","id":"string","instance_id":"string","nic_index":"number","state":"string","subnet_id":"string","time_created":"string","vlan_id":"string","vlan_tag":"number","vnic_id":"string"}]],"description_kind":"plain","computed":true},"vnic_id":{"type":"string","description_kind":"plain","optional":true}},"block_types":{"filter":{"nesting_mode":"set","block":{"attributes":{"name":{"type":"string","description_kind":"plain","required":true},"regex":{"type":"bool","description_kind":"plain","optional":true},"values":{"type":["list","string"],"description_kind":"plain","required":true}},"description_kind":"plain"}}},"description_kind":"plain"}},"oci_core_volume":{"version":0,"block":{"attributes":{"auto_tuned_vpus_per_gb":{"type":"string","description_kind":"plain","computed":true},"availability_domain":{"type":"string","description_kind":"plain","computed":true},"backup_policy_id":{"type":"string","description_kind":"plain","computed":true},"compartment_id":{"type":"string","description_kind":"plain","computed":true},"defined_tags":{"type":["map","string"],"description_kind":"plain","computed":true},"display_name":{"type":"string","description_kind":"plain","computed":true},"freeform_tags":{"type":["map","string"],"description_kind":"plain","computed":true},"id":{"type":"string","description_kind":"plain","computed":true},"is_auto_tune_enabled":{"type":"bool","description_kind":"plain","computed":true},"is_hydrated":{"type":"bool","description_kind":"plain","computed":true},"kms_key_id":{"type":"string","description_kind":"plain","computed":true},"size_in_gbs":{"type":"string","description_kind":"plain","computed":true},"size_in_mbs":{"type":"string","description_kind":"plain","computed":true},"source_details":{"type":["list",["object",{"id":"string","type":"string"}]],"description_kind":"plain","computed":true},"state":{"type":"string","description_kind":"plain","computed":true},"system_tags":{"type":["map","string"],"description_kind":"plain","computed":true},"time_created":{"type":"string","description_kind":"plain","computed":true},"volume_backup_id":{"type":"string","description_kind":"plain","computed":true},"volume_group_id":{"type":"string","description_kind":"plain","computed":true},"volume_id":{"type":"string","description_kind":"plain","required":true},"vpus_per_gb":{"type":"string","description_kind":"plain","computed":true}},"description_kind":"plain"}},"oci_core_volume_attachments":{"version":0,"block":{"attributes":{"availability_domain":{"type":"string","description_kind":"plain","optional":true},"compartment_id":{"type":"string","description_kind":"plain","required":true},"id":{"type":"string","description_kind":"plain","optional":true,"computed":true},"instance_id":{"type":"string","description_kind":"plain","optional":true},"volume_attachments":{"type":["list",["object",{"attachment_type":"string","availability_domain":"string","chap_secret":"string","chap_username":"string","compartment_id":"string","device":"string","display_name":"string","id":"string","instance_id":"string","ipv4":"string","iqn":"string","is_pv_encryption_in_transit_enabled":"bool","is_read_only":"bool","is_shareable":"bool","port":"number","state":"string","time_created":"string","use_chap":"bool","volume_id":"string"}]],"description_kind":"plain","computed":true},"volume_id":{"type":"string","description_kind":"plain","optional":true}},"block_types":{"filter":{"nesting_mode":"set","block":{"attributes":{"name":{"type":"string","description_kind":"plain","required":true},"regex":{"type":"bool","description_kind":"plain","optional":true},"values":{"type":["list","string"],"description_kind":"plain","required":true}},"description_kind":"plain"}}},"description_kind":"plain"}},"oci_core_volume_backup_policies":{"version":0,"block":{"attributes":{"compartment_id":{"type":"string","description_kind":"plain","optional":true},"id":{"type":"string","description_kind":"plain","optional":true,"computed":true},"volume_backup_policies":{"type":["list",["object",{"compartment_id":"string","defined_tags":["map","string"],"destination_region":"string","display_name":"string","freeform_tags":["map","string"],"id":"string","schedules":["list",["object",{"backup_type":"string","day_of_month":"number","day_of_week":"string","hour_of_day":"number","month":"string","offset_seconds":"number","offset_type":"string","period":"string","retention_seconds":"number","time_zone":"string"}]],"time_created":"string"}]],"description_kind":"plain","computed":true}},"block_types":{"filter":{"nesting_mode":"set","block":{"attributes":{"name":{"type":"string","description_kind":"plain","required":true},"regex":{"type":"bool","description_kind":"plain","optional":true},"values":{"type":["list","string"],"description_kind":"plain","required":true}},"description_kind":"plain"}}},"description_kind":"plain"}},"oci_core_volume_backup_policy_assignments":{"version":0,"block":{"attributes":{"asset_id":{"type":"string","description_kind":"plain","required":true},"id":{"type":"string","description_kind":"plain","optional":true,"computed":true},"volume_backup_policy_assignments":{"type":["list",["object",{"asset_id":"string","id":"string","policy_id":"string","time_created":"string"}]],"description_kind":"plain","computed":true}},"block_types":{"filter":{"nesting_mode":"set","block":{"attributes":{"name":{"type":"string","description_kind":"plain","required":true},"regex":{"type":"bool","description_kind":"plain","optional":true},"values":{"type":["list","string"],"description_kind":"plain","required":true}},"description_kind":"plain"}}},"description_kind":"plain"}},"oci_core_volume_backups":{"version":0,"block":{"attributes":{"compartment_id":{"type":"string","description_kind":"plain","required":true},"display_name":{"type":"string","description_kind":"plain","optional":true},"id":{"type":"string","description_kind":"plain","optional":true,"computed":true},"source_volume_backup_id":{"type":"string","description_kind":"plain","optional":true},"state":{"type":"string","description_kind":"plain","optional":true},"volume_backups":{"type":["list",["object",{"compartment_id":"string","defined_tags":["map","string"],"display_name":"string","expiration_time":"string","freeform_tags":["map","string"],"id":"string","kms_key_id":"string","size_in_gbs":"string","size_in_mbs":"string","source_details":["list",["object",{"kms_key_id":"string","region":"string","volume_backup_id":"string"}]],"source_type":"string","source_volume_backup_id":"string","state":"string","system_tags":["map","string"],"time_created":"string","time_request_received":"string","type":"string","unique_size_in_gbs":"string","unique_size_in_mbs":"string","volume_id":"string"}]],"description_kind":"plain","computed":true},"volume_id":{"type":"string","description_kind":"plain","optional":true}},"block_types":{"filter":{"nesting_mode":"set","block":{"attributes":{"name":{"type":"string","description_kind":"plain","required":true},"regex":{"type":"bool","description_kind":"plain","optional":true},"values":{"type":["list","string"],"description_kind":"plain","required":true}},"description_kind":"plain"}}},"description_kind":"plain"}},"oci_core_volume_group_backups":{"version":0,"block":{"attributes":{"compartment_id":{"type":"string","description_kind":"plain","required":true},"display_name":{"type":"string","description_kind":"plain","optional":true},"id":{"type":"string","description_kind":"plain","optional":true,"computed":true},"volume_group_backups":{"type":["list",["object",{"compartment_id":"string","defined_tags":["map","string"],"display_name":"string","freeform_tags":["map","string"],"id":"string","size_in_gbs":"string","size_in_mbs":"string","state":"string","time_created":"string","time_request_received":"string","type":"string","unique_size_in_gbs":"string","unique_size_in_mbs":"string","volume_backup_ids":["list","string"],"volume_group_id":"string"}]],"description_kind":"plain","computed":true},"volume_group_id":{"type":"string","description_kind":"plain","optional":true}},"block_types":{"filter":{"nesting_mode":"set","block":{"attributes":{"name":{"type":"string","description_kind":"plain","required":true},"regex":{"type":"bool","description_kind":"plain","optional":true},"values":{"type":["list","string"],"description_kind":"plain","required":true}},"description_kind":"plain"}}},"description_kind":"plain"}},"oci_core_volume_groups":{"version":0,"block":{"attributes":{"availability_domain":{"type":"string","description_kind":"plain","optional":true},"compartment_id":{"type":"string","description_kind":"plain","required":true},"display_name":{"type":"string","description_kind":"plain","optional":true},"id":{"type":"string","description_kind":"plain","optional":true,"computed":true},"state":{"type":"string","description_kind":"plain","optional":true},"volume_groups":{"type":["list",["object",{"availability_domain":"string","compartment_id":"string","defined_tags":["map","string"],"display_name":"string","freeform_tags":["map","string"],"id":"string","is_hydrated":"bool","size_in_gbs":"string","size_in_mbs":"string","source_details":["list",["object",{"type":"string","volume_group_backup_id":"string","volume_group_id":"string","volume_ids":["list","string"]}]],"state":"string","time_created":"string","volume_ids":["list","string"]}]],"description_kind":"plain","computed":true}},"block_types":{"filter":{"nesting_mode":"set","block":{"attributes":{"name":{"type":"string","description_kind":"plain","required":true},"regex":{"type":"bool","description_kind":"plain","optional":true},"values":{"type":["list","string"],"description_kind":"plain","required":true}},"description_kind":"plain"}}},"description_kind":"plain"}},"oci_core_volumes":{"version":0,"block":{"attributes":{"availability_domain":{"type":"string","description_kind":"plain","optional":true},"compartment_id":{"type":"string","description_kind":"plain","required":true},"display_name":{"type":"string","description_kind":"plain","optional":true},"id":{"type":"string","description_kind":"plain","optional":true,"computed":true},"state":{"type":"string","description_kind":"plain","optional":true},"volume_group_id":{"type":"string","description_kind":"plain","optional":true},"volumes":{"type":["list",["object",{"auto_tuned_vpus_per_gb":"string","availability_domain":"string","backup_policy_id":"string","compartment_id":"string","defined_tags":["map","string"],"display_name":"string","freeform_tags":["map","string"],"id":"string","is_auto_tune_enabled":"bool","is_hydrated":"bool","kms_key_id":"string","size_in_gbs":"string","size_in_mbs":"string","source_details":["list",["object",{"id":"string","type":"string"}]],"state":"string","system_tags":["map","string"],"time_created":"string","volume_backup_id":"string","volume_group_id":"string","vpus_per_gb":"string"}]],"description_kind":"plain","computed":true}},"block_types":{"filter":{"nesting_mode":"set","block":{"attributes":{"name":{"type":"string","description_kind":"plain","required":true},"regex":{"type":"bool","description_kind":"plain","optional":true},"values":{"type":["list","string"],"description_kind":"plain","required":true}},"description_kind":"plain"}}},"description_kind":"plain"}},"oci_data_safe_data_safe_configuration":{"version":0,"block":{"attributes":{"compartment_id":{"type":"string","description_kind":"plain","required":true},"id":{"type":"string","description_kind":"plain","computed":true},"is_enabled":{"type":"bool","description_kind":"plain","computed":true},"state":{"type":"string","description_kind":"plain","computed":true},"time_enabled":{"type":"string","description_kind":"plain","computed":true},"url":{"type":"string","description_kind":"plain","computed":true}},"description_kind":"plain"}},"oci_data_safe_data_safe_private_endpoint":{"version":0,"block":{"attributes":{"compartment_id":{"type":"string","description_kind":"plain","computed":true},"data_safe_private_endpoint_id":{"type":"string","description_kind":"plain","required":true},"defined_tags":{"type":["map","string"],"description_kind":"plain","computed":true},"description":{"type":"string","description_kind":"plain","computed":true},"display_name":{"type":"string","description_kind":"plain","computed":true},"endpoint_fqdn":{"type":"string","description_kind":"plain","computed":true},"freeform_tags":{"type":["map","string"],"description_kind":"plain","computed":true},"id":{"type":"string","description_kind":"plain","computed":true},"nsg_ids":{"type":["list","string"],"description_kind":"plain","computed":true},"private_endpoint_id":{"type":"string","description_kind":"plain","computed":true},"private_endpoint_ip":{"type":"string","description_kind":"plain","computed":true},"state":{"type":"string","description_kind":"plain","computed":true},"subnet_id":{"type":"string","description_kind":"plain","computed":true},"time_created":{"type":"string","description_kind":"plain","computed":true},"vcn_id":{"type":"string","description_kind":"plain","computed":true}},"description_kind":"plain"}},"oci_data_safe_data_safe_private_endpoints":{"version":0,"block":{"attributes":{"compartment_id":{"type":"string","description_kind":"plain","optional":true},"data_safe_private_endpoints":{"type":["list",["object",{"compartment_id":"string","defined_tags":["map","string"],"description":"string","display_name":"string","endpoint_fqdn":"string","freeform_tags":["map","string"],"id":"string","nsg_ids":["list","string"],"private_endpoint_id":"string","private_endpoint_ip":"string","state":"string","subnet_id":"string","time_created":"string","vcn_id":"string"}]],"description_kind":"plain","computed":true},"display_name":{"type":"string","description_kind":"plain","optional":true},"id":{"type":"string","description_kind":"plain","optional":true,"computed":true},"state":{"type":"string","description_kind":"plain","optional":true},"vcn_id":{"type":"string","description_kind":"plain","optional":true}},"block_types":{"filter":{"nesting_mode":"set","block":{"attributes":{"name":{"type":"string","description_kind":"plain","required":true},"regex":{"type":"bool","description_kind":"plain","optional":true},"values":{"type":["list","string"],"description_kind":"plain","required":true}},"description_kind":"plain"}}},"description_kind":"plain"}},"oci_database_autonomous_container_database":{"version":0,"block":{"attributes":{"autonomous_container_database_id":{"type":"string","description_kind":"plain","required":true},"autonomous_exadata_infrastructure_id":{"type":"string","description_kind":"plain","computed":true},"autonomous_vm_cluster_id":{"type":"string","description_kind":"plain","computed":true},"availability_domain":{"type":"string","description_kind":"plain","computed":true},"backup_config":{"type":["list",["object",{"backup_destination_details":["list",["object",{"id":"string","internet_proxy":"string","type":"string","vpc_password":"string","vpc_user":"string"}]],"recovery_window_in_days":"number"}]],"description_kind":"plain","computed":true},"compartment_id":{"type":"string","description_kind":"plain","computed":true},"db_unique_name":{"type":"string","description_kind":"plain","computed":true},"db_version":{"type":"string","description_kind":"plain","computed":true},"defined_tags":{"type":["map","string"],"description_kind":"plain","computed":true},"display_name":{"type":"string","description_kind":"plain","computed":true},"freeform_tags":{"type":["map","string"],"description_kind":"plain","computed":true},"id":{"type":"string","description_kind":"plain","computed":true},"infrastructure_type":{"type":"string","description_kind":"plain","computed":true},"last_maintenance_run_id":{"type":"string","description_kind":"plain","computed":true},"lifecycle_details":{"type":"string","description_kind":"plain","computed":true},"maintenance_window":{"type":["list",["object",{"days_of_week":["list",["object",{"name":"string"}]],"hours_of_day":["list","number"],"lead_time_in_weeks":"number","months":["list",["object",{"name":"string"}]],"preference":"string","weeks_of_month":["list","number"]}]],"description_kind":"plain","computed":true},"maintenance_window_details":{"type":["list",["object",{"days_of_week":["list",["object",{"name":"string"}]],"hours_of_day":["list","number"],"lead_time_in_weeks":"number","months":["list",["object",{"name":"string"}]],"preference":"string","weeks_of_month":["list","number"]}]],"description_kind":"plain","computed":true},"next_maintenance_run_id":{"type":"string","description_kind":"plain","computed":true},"patch_id":{"type":"string","description_kind":"plain","computed":true},"patch_model":{"type":"string","description_kind":"plain","computed":true},"service_level_agreement_type":{"type":"string","description_kind":"plain","computed":true},"state":{"type":"string","description_kind":"plain","computed":true},"time_created":{"type":"string","description_kind":"plain","computed":true}},"description_kind":"plain"}},"oci_database_autonomous_container_databases":{"version":0,"block":{"attributes":{"autonomous_container_databases":{"type":["list",["object",{"autonomous_exadata_infrastructure_id":"string","autonomous_vm_cluster_id":"string","availability_domain":"string","backup_config":["list",["object",{"backup_destination_details":["list",["object",{"id":"string","internet_proxy":"string","type":"string","vpc_password":"string","vpc_user":"string"}]],"recovery_window_in_days":"number"}]],"compartment_id":"string","db_unique_name":"string","db_version":"string","defined_tags":["map","string"],"display_name":"string","freeform_tags":["map","string"],"id":"string","infrastructure_type":"string","last_maintenance_run_id":"string","lifecycle_details":"string","maintenance_window":["list",["object",{"days_of_week":["list",["object",{"name":"string"}]],"hours_of_day":["list","number"],"lead_time_in_weeks":"number","months":["list",["object",{"name":"string"}]],"preference":"string","weeks_of_month":["list","number"]}]],"maintenance_window_details":["list",["object",{"days_of_week":["list",["object",{"name":"string"}]],"hours_of_day":["list","number"],"lead_time_in_weeks":"number","months":["list",["object",{"name":"string"}]],"preference":"string","weeks_of_month":["list","number"]}]],"next_maintenance_run_id":"string","patch_id":"string","patch_model":"string","service_level_agreement_type":"string","state":"string","time_created":"string"}]],"description_kind":"plain","computed":true},"autonomous_exadata_infrastructure_id":{"type":"string","description_kind":"plain","optional":true},"autonomous_vm_cluster_id":{"type":"string","description_kind":"plain","optional":true},"availability_domain":{"type":"string","description_kind":"plain","optional":true},"compartment_id":{"type":"string","description_kind":"plain","required":true},"display_name":{"type":"string","description_kind":"plain","optional":true},"id":{"type":"string","description_kind":"plain","optional":true,"computed":true},"infrastructure_type":{"type":"string","description_kind":"plain","optional":true},"state":{"type":"string","description_kind":"plain","optional":true}},"block_types":{"filter":{"nesting_mode":"set","block":{"attributes":{"name":{"type":"string","description_kind":"plain","required":true},"regex":{"type":"bool","description_kind":"plain","optional":true},"values":{"type":["list","string"],"description_kind":"plain","required":true}},"description_kind":"plain"}}},"description_kind":"plain"}},"oci_database_autonomous_container_patches":{"version":0,"block":{"attributes":{"autonomous_container_database_id":{"type":"string","description_kind":"plain","required":true},"autonomous_patches":{"type":["list",["object",{"description":"string","id":"string","lifecycle_details":"string","patch_model":"string","quarter":"string","state":"string","time_released":"string","type":"string","version":"string","year":"string"}]],"description_kind":"plain","computed":true},"compartment_id":{"type":"string","description_kind":"plain","required":true},"id":{"type":"string","description_kind":"plain","optional":true,"computed":true}},"block_types":{"filter":{"nesting_mode":"set","block":{"attributes":{"name":{"type":"string","description_kind":"plain","required":true},"regex":{"type":"bool","description_kind":"plain","optional":true},"values":{"type":["list","string"],"description_kind":"plain","required":true}},"description_kind":"plain"}}},"description_kind":"plain"}},"oci_database_autonomous_database":{"version":0,"block":{"attributes":{"admin_password":{"type":"string","description_kind":"plain","computed":true,"sensitive":true},"autonomous_container_database_id":{"type":"string","description_kind":"plain","computed":true},"autonomous_database_backup_id":{"type":"string","description_kind":"plain","computed":true},"autonomous_database_id":{"type":"string","description_kind":"plain","required":true},"available_upgrade_versions":{"type":["list","string"],"description_kind":"plain","computed":true},"clone_type":{"type":"string","description_kind":"plain","computed":true},"compartment_id":{"type":"string","description_kind":"plain","computed":true},"connection_strings":{"type":["list",["object",{"all_connection_strings":["map","string"],"dedicated":"string","high":"string","low":"string","medium":"string"}]],"description_kind":"plain","computed":true},"connection_urls":{"type":["list",["object",{"apex_url":"string","machine_learning_user_management_url":"string","sql_dev_web_url":"string"}]],"description_kind":"plain","computed":true},"cpu_core_count":{"type":"number","description_kind":"plain","computed":true},"data_safe_status":{"type":"string","description_kind":"plain","computed":true},"data_storage_size_in_tbs":{"type":"number","description_kind":"plain","computed":true},"db_name":{"type":"string","description_kind":"plain","computed":true},"db_version":{"type":"string","description_kind":"plain","computed":true},"db_workload":{"type":"string","description_kind":"plain","computed":true},"defined_tags":{"type":["map","string"],"description_kind":"plain","computed":true},"display_name":{"type":"string","description_kind":"plain","computed":true},"failed_data_recovery_in_seconds":{"type":"number","description_kind":"plain","computed":true},"freeform_tags":{"type":["map","string"],"description_kind":"plain","computed":true},"id":{"type":"string","description_kind":"plain","computed":true},"infrastructure_type":{"type":"string","description_kind":"plain","computed":true},"is_auto_scaling_enabled":{"type":"bool","description_kind":"plain","computed":true},"is_data_guard_enabled":{"type":"bool","description_kind":"plain","computed":true},"is_dedicated":{"type":"bool","description_kind":"plain","computed":true},"is_free_tier":{"type":"bool","description_kind":"plain","computed":true},"is_preview":{"type":"bool","description_kind":"plain","computed":true},"is_preview_version_with_service_terms_accepted":{"type":"bool","description_kind":"plain","computed":true},"is_refreshable_clone":{"type":"bool","description_kind":"plain","computed":true},"license_model":{"type":"string","description_kind":"plain","computed":true},"lifecycle_details":{"type":"string","description_kind":"plain","computed":true},"nsg_ids":{"type":["list","string"],"description_kind":"plain","computed":true},"open_mode":{"type":"string","description_kind":"plain","computed":true},"private_endpoint":{"type":"string","description_kind":"plain","computed":true},"private_endpoint_ip":{"type":"string","description_kind":"plain","computed":true},"private_endpoint_label":{"type":"string","description_kind":"plain","computed":true},"refreshable_mode":{"type":"string","description_kind":"plain","computed":true},"refreshable_status":{"type":"string","description_kind":"plain","computed":true},"service_console_url":{"type":"string","description_kind":"plain","computed":true},"source":{"type":"string","description_kind":"plain","computed":true},"source_id":{"type":"string","description_kind":"plain","computed":true},"standby_db":{"type":["list",["object",{"lag_time_in_seconds":"number","lifecycle_details":"string","state":"string"}]],"description_kind":"plain","computed":true},"state":{"type":"string","description_kind":"plain","computed":true},"subnet_id":{"type":"string","description_kind":"plain","computed":true},"switchover_to":{"type":"string","description_kind":"plain","computed":true},"system_tags":{"type":["map","string"],"description_kind":"plain","computed":true},"time_created":{"type":"string","description_kind":"plain","computed":true},"time_deletion_of_free_autonomous_database":{"type":"string","description_kind":"plain","computed":true},"time_maintenance_begin":{"type":"string","description_kind":"plain","computed":true},"time_maintenance_end":{"type":"string","description_kind":"plain","computed":true},"time_of_last_failover":{"type":"string","description_kind":"plain","computed":true},"time_of_last_refresh":{"type":"string","description_kind":"plain","computed":true},"time_of_last_refresh_point":{"type":"string","description_kind":"plain","computed":true},"time_of_last_switchover":{"type":"string","description_kind":"plain","computed":true},"time_of_next_refresh":{"type":"string","description_kind":"plain","computed":true},"time_reclamation_of_free_autonomous_database":{"type":"string","description_kind":"plain","computed":true},"timestamp":{"type":"string","description_kind":"plain","computed":true},"used_data_storage_size_in_tbs":{"type":"number","description_kind":"plain","computed":true},"whitelisted_ips":{"type":["list","string"],"description_kind":"plain","computed":true}},"description_kind":"plain"}},"oci_database_autonomous_database_backup":{"version":0,"block":{"attributes":{"autonomous_database_backup_id":{"type":"string","description_kind":"plain","required":true},"autonomous_database_id":{"type":"string","description_kind":"plain","computed":true},"compartment_id":{"type":"string","description_kind":"plain","computed":true},"database_size_in_tbs":{"type":"number","description_kind":"plain","computed":true},"display_name":{"type":"string","description_kind":"plain","computed":true},"id":{"type":"string","description_kind":"plain","computed":true},"is_automatic":{"type":"bool","description_kind":"plain","computed":true},"is_restorable":{"type":"bool","description_kind":"plain","computed":true},"lifecycle_details":{"type":"string","description_kind":"plain","computed":true},"state":{"type":"string","description_kind":"plain","computed":true},"time_ended":{"type":"string","description_kind":"plain","computed":true},"time_started":{"type":"string","description_kind":"plain","computed":true},"type":{"type":"string","description_kind":"plain","computed":true}},"description_kind":"plain"}},"oci_database_autonomous_database_backups":{"version":0,"block":{"attributes":{"autonomous_database_backups":{"type":["list",["object",{"autonomous_database_id":"string","compartment_id":"string","database_size_in_tbs":"number","display_name":"string","id":"string","is_automatic":"bool","is_restorable":"bool","lifecycle_details":"string","state":"string","time_ended":"string","time_started":"string","type":"string"}]],"description_kind":"plain","computed":true},"autonomous_database_id":{"type":"string","description_kind":"plain","optional":true},"compartment_id":{"type":"string","description_kind":"plain","optional":true},"display_name":{"type":"string","description_kind":"plain","optional":true},"id":{"type":"string","description_kind":"plain","optional":true,"computed":true},"state":{"type":"string","description_kind":"plain","optional":true}},"block_types":{"filter":{"nesting_mode":"set","block":{"attributes":{"name":{"type":"string","description_kind":"plain","required":true},"regex":{"type":"bool","description_kind":"plain","optional":true},"values":{"type":["list","string"],"description_kind":"plain","required":true}},"description_kind":"plain"}}},"description_kind":"plain"}},"oci_database_autonomous_database_instance_wallet_management":{"version":0,"block":{"attributes":{"autonomous_database_id":{"type":"string","description_kind":"plain","required":true},"id":{"type":"string","description_kind":"plain","computed":true},"should_rotate":{"type":"bool","description_kind":"plain","computed":true},"state":{"type":"string","description_kind":"plain","computed":true},"time_rotated":{"type":"string","description_kind":"plain","computed":true}},"description_kind":"plain"}},"oci_database_autonomous_database_regional_wallet_management":{"version":0,"block":{"attributes":{"id":{"type":"string","description_kind":"plain","computed":true},"should_rotate":{"type":"bool","description_kind":"plain","computed":true},"state":{"type":"string","description_kind":"plain","computed":true},"time_rotated":{"type":"string","description_kind":"plain","computed":true}},"description_kind":"plain"}},"oci_database_autonomous_database_wallet":{"version":0,"block":{"attributes":{"autonomous_database_id":{"type":"string","description_kind":"plain","required":true},"base64_encode_content":{"type":"bool","description_kind":"plain","optional":true},"content":{"type":"string","description_kind":"plain","computed":true},"generate_type":{"type":"string","description_kind":"plain","optional":true},"id":{"type":"string","description_kind":"plain","optional":true,"computed":true},"password":{"type":"string","description_kind":"plain","required":true,"sensitive":true}},"description_kind":"plain"}},"oci_database_autonomous_databases":{"version":0,"block":{"attributes":{"autonomous_container_database_id":{"type":"string","description_kind":"plain","optional":true},"autonomous_databases":{"type":["list",["object",{"admin_password":"string","autonomous_container_database_id":"string","autonomous_database_backup_id":"string","autonomous_database_id":"string","available_upgrade_versions":["list","string"],"clone_type":"string","compartment_id":"string","connection_strings":["list",["object",{"all_connection_strings":["map","string"],"dedicated":"string","high":"string","low":"string","medium":"string"}]],"connection_urls":["list",["object",{"apex_url":"string","machine_learning_user_management_url":"string","sql_dev_web_url":"string"}]],"cpu_core_count":"number","data_safe_status":"string","data_storage_size_in_tbs":"number","db_name":"string","db_version":"string","db_workload":"string","defined_tags":["map","string"],"display_name":"string","failed_data_recovery_in_seconds":"number","freeform_tags":["map","string"],"id":"string","infrastructure_type":"string","is_auto_scaling_enabled":"bool","is_data_guard_enabled":"bool","is_dedicated":"bool","is_free_tier":"bool","is_preview":"bool","is_preview_version_with_service_terms_accepted":"bool","is_refreshable_clone":"bool","license_model":"string","lifecycle_details":"string","nsg_ids":["list","string"],"open_mode":"string","private_endpoint":"string","private_endpoint_ip":"string","private_endpoint_label":"string","refreshable_mode":"string","refreshable_status":"string","service_console_url":"string","source":"string","source_id":"string","standby_db":["list",["object",{"lag_time_in_seconds":"number","lifecycle_details":"string","state":"string"}]],"state":"string","subnet_id":"string","switchover_to":"string","system_tags":["map","string"],"time_created":"string","time_deletion_of_free_autonomous_database":"string","time_maintenance_begin":"string","time_maintenance_end":"string","time_of_last_failover":"string","time_of_last_refresh":"string","time_of_last_refresh_point":"string","time_of_last_switchover":"string","time_of_next_refresh":"string","time_reclamation_of_free_autonomous_database":"string","timestamp":"string","used_data_storage_size_in_tbs":"number","whitelisted_ips":["list","string"]}]],"description_kind":"plain","computed":true},"compartment_id":{"type":"string","description_kind":"plain","required":true},"db_version":{"type":"string","description_kind":"plain","optional":true},"db_workload":{"type":"string","description_kind":"plain","optional":true},"display_name":{"type":"string","description_kind":"plain","optional":true},"id":{"type":"string","description_kind":"plain","optional":true,"computed":true},"infrastructure_type":{"type":"string","description_kind":"plain","optional":true},"is_data_guard_enabled":{"type":"bool","description_kind":"plain","optional":true},"is_free_tier":{"type":"bool","description_kind":"plain","optional":true},"is_refreshable_clone":{"type":"bool","description_kind":"plain","optional":true},"state":{"type":"string","description_kind":"plain","optional":true}},"block_types":{"filter":{"nesting_mode":"set","block":{"attributes":{"name":{"type":"string","description_kind":"plain","required":true},"regex":{"type":"bool","description_kind":"plain","optional":true},"values":{"type":["list","string"],"description_kind":"plain","required":true}},"description_kind":"plain"}}},"description_kind":"plain"}},"oci_database_autonomous_databases_clones":{"version":0,"block":{"attributes":{"autonomous_database_id":{"type":"string","description_kind":"plain","required":true},"autonomous_databases":{"type":["list",["object",{"autonomous_container_database_id":"string","available_upgrade_versions":["list","string"],"compartment_id":"string","connection_strings":["list",["object",{"all_connection_strings":["map","string"],"dedicated":"string","high":"string","low":"string","medium":"string"}]],"connection_urls":["list",["object",{"apex_url":"string","machine_learning_user_management_url":"string","sql_dev_web_url":"string"}]],"cpu_core_count":"number","data_safe_status":"string","data_storage_size_in_tbs":"number","db_name":"string","db_version":"string","db_workload":"string","defined_tags":["map","string"],"display_name":"string","failed_data_recovery_in_seconds":"number","freeform_tags":["map","string"],"id":"string","infrastructure_type":"string","is_auto_scaling_enabled":"bool","is_data_guard_enabled":"bool","is_dedicated":"bool","is_free_tier":"bool","is_preview":"bool","is_refreshable_clone":"bool","license_model":"string","lifecycle_details":"string","nsg_ids":["list","string"],"open_mode":"string","private_endpoint":"string","private_endpoint_ip":"string","private_endpoint_label":"string","refreshable_mode":"string","refreshable_status":"string","service_console_url":"string","source_id":"string","standby_db":["list",["object",{"lag_time_in_seconds":"number","lifecycle_details":"string","state":"string"}]],"state":"string","subnet_id":"string","system_tags":["map","string"],"time_created":"string","time_deletion_of_free_autonomous_database":"string","time_maintenance_begin":"string","time_maintenance_end":"string","time_of_last_failover":"string","time_of_last_refresh":"string","time_of_last_refresh_point":"string","time_of_last_switchover":"string","time_of_next_refresh":"string","time_reclamation_of_free_autonomous_database":"string","used_data_storage_size_in_tbs":"number","whitelisted_ips":["list","string"]}]],"description_kind":"plain","computed":true},"clone_type":{"type":"string","description_kind":"plain","optional":true},"compartment_id":{"type":"string","description_kind":"plain","required":true},"display_name":{"type":"string","description_kind":"plain","optional":true},"id":{"type":"string","description_kind":"plain","optional":true,"computed":true},"state":{"type":"string","description_kind":"plain","optional":true}},"block_types":{"filter":{"nesting_mode":"set","block":{"attributes":{"name":{"type":"string","description_kind":"plain","required":true},"regex":{"type":"bool","description_kind":"plain","optional":true},"values":{"type":["list","string"],"description_kind":"plain","required":true}},"description_kind":"plain"}}},"description_kind":"plain"}},"oci_database_autonomous_db_preview_versions":{"version":0,"block":{"attributes":{"autonomous_db_preview_versions":{"type":["list",["object",{"db_workload":"string","details":"string","time_preview_begin":"string","time_preview_end":"string","version":"string"}]],"description_kind":"plain","computed":true},"compartment_id":{"type":"string","description_kind":"plain","required":true},"id":{"type":"string","description_kind":"plain","optional":true,"computed":true}},"block_types":{"filter":{"nesting_mode":"set","block":{"attributes":{"name":{"type":"string","description_kind":"plain","required":true},"regex":{"type":"bool","description_kind":"plain","optional":true},"values":{"type":["list","string"],"description_kind":"plain","required":true}},"description_kind":"plain"}}},"description_kind":"plain"}},"oci_database_autonomous_db_versions":{"version":0,"block":{"attributes":{"autonomous_db_versions":{"type":["list",["object",{"db_workload":"string","details":"string","is_dedicated":"bool","is_free_tier_enabled":"bool","version":"string"}]],"description_kind":"plain","computed":true},"compartment_id":{"type":"string","description_kind":"plain","required":true},"db_workload":{"type":"string","description_kind":"plain","optional":true},"id":{"type":"string","description_kind":"plain","optional":true,"computed":true}},"block_types":{"filter":{"nesting_mode":"set","block":{"attributes":{"name":{"type":"string","description_kind":"plain","required":true},"regex":{"type":"bool","description_kind":"plain","optional":true},"values":{"type":["list","string"],"description_kind":"plain","required":true}},"description_kind":"plain"}}},"description_kind":"plain"}},"oci_database_autonomous_exadata_infrastructure":{"version":0,"block":{"attributes":{"autonomous_exadata_infrastructure_id":{"type":"string","description_kind":"plain","required":true},"availability_domain":{"type":"string","description_kind":"plain","computed":true},"compartment_id":{"type":"string","description_kind":"plain","computed":true},"defined_tags":{"type":["map","string"],"description_kind":"plain","computed":true},"display_name":{"type":"string","description_kind":"plain","computed":true},"domain":{"type":"string","description_kind":"plain","computed":true},"freeform_tags":{"type":["map","string"],"description_kind":"plain","computed":true},"hostname":{"type":"string","description_kind":"plain","computed":true},"id":{"type":"string","description_kind":"plain","computed":true},"last_maintenance_run_id":{"type":"string","description_kind":"plain","computed":true},"license_model":{"type":"string","description_kind":"plain","computed":true},"lifecycle_details":{"type":"string","description_kind":"plain","computed":true},"maintenance_window":{"type":["list",["object",{"days_of_week":["list",["object",{"name":"string"}]],"hours_of_day":["list","number"],"lead_time_in_weeks":"number","months":["list",["object",{"name":"string"}]],"preference":"string","weeks_of_month":["list","number"]}]],"description_kind":"plain","computed":true},"maintenance_window_details":{"type":["list",["object",{"days_of_week":["list",["object",{"name":"string"}]],"hours_of_day":["list","number"],"lead_time_in_weeks":"number","months":["list",["object",{"name":"string"}]],"preference":"string","weeks_of_month":["list","number"]}]],"description_kind":"plain","computed":true},"next_maintenance_run_id":{"type":"string","description_kind":"plain","computed":true},"nsg_ids":{"type":["list","string"],"description_kind":"plain","computed":true},"shape":{"type":"string","description_kind":"plain","computed":true},"state":{"type":"string","description_kind":"plain","computed":true},"subnet_id":{"type":"string","description_kind":"plain","computed":true},"time_created":{"type":"string","description_kind":"plain","computed":true}},"description_kind":"plain"}},"oci_database_autonomous_exadata_infrastructure_ocpu":{"version":0,"block":{"attributes":{"autonomous_exadata_infrastructure_id":{"type":"string","description_kind":"plain","required":true},"by_workload_type":{"type":["list",["object",{"adw":"number","atp":"number"}]],"description_kind":"plain","computed":true},"consumed_cpu":{"type":"number","description_kind":"plain","computed":true},"id":{"type":"string","description_kind":"plain","optional":true,"computed":true},"total_cpu":{"type":"number","description_kind":"plain","computed":true}},"description_kind":"plain"}},"oci_database_autonomous_exadata_infrastructure_shapes":{"version":0,"block":{"attributes":{"autonomous_exadata_infrastructure_shapes":{"type":["list",["object",{"available_core_count":"number","core_count_increment":"number","maximum_node_count":"number","minimum_core_count":"number","minimum_node_count":"number","name":"string"}]],"description_kind":"plain","computed":true},"availability_domain":{"type":"string","description_kind":"plain","required":true},"compartment_id":{"type":"string","description_kind":"plain","required":true},"id":{"type":"string","description_kind":"plain","optional":true,"computed":true}},"block_types":{"filter":{"nesting_mode":"set","block":{"attributes":{"name":{"type":"string","description_kind":"plain","required":true},"regex":{"type":"bool","description_kind":"plain","optional":true},"values":{"type":["list","string"],"description_kind":"plain","required":true}},"description_kind":"plain"}}},"description_kind":"plain"}},"oci_database_autonomous_exadata_infrastructures":{"version":0,"block":{"attributes":{"autonomous_exadata_infrastructures":{"type":["list",["object",{"availability_domain":"string","compartment_id":"string","defined_tags":["map","string"],"display_name":"string","domain":"string","freeform_tags":["map","string"],"hostname":"string","id":"string","last_maintenance_run_id":"string","license_model":"string","lifecycle_details":"string","maintenance_window":["list",["object",{"days_of_week":["list",["object",{"name":"string"}]],"hours_of_day":["list","number"],"lead_time_in_weeks":"number","months":["list",["object",{"name":"string"}]],"preference":"string","weeks_of_month":["list","number"]}]],"maintenance_window_details":["list",["object",{"days_of_week":["list",["object",{"name":"string"}]],"hours_of_day":["list","number"],"lead_time_in_weeks":"number","months":["list",["object",{"name":"string"}]],"preference":"string","weeks_of_month":["list","number"]}]],"next_maintenance_run_id":"string","nsg_ids":["list","string"],"shape":"string","state":"string","subnet_id":"string","time_created":"string"}]],"description_kind":"plain","computed":true},"availability_domain":{"type":"string","description_kind":"plain","optional":true},"compartment_id":{"type":"string","description_kind":"plain","required":true},"display_name":{"type":"string","description_kind":"plain","optional":true},"id":{"type":"string","description_kind":"plain","optional":true,"computed":true},"state":{"type":"string","description_kind":"plain","optional":true}},"block_types":{"filter":{"nesting_mode":"set","block":{"attributes":{"name":{"type":"string","description_kind":"plain","required":true},"regex":{"type":"bool","description_kind":"plain","optional":true},"values":{"type":["list","string"],"description_kind":"plain","required":true}},"description_kind":"plain"}}},"description_kind":"plain"}},"oci_database_autonomous_patch":{"version":0,"block":{"attributes":{"autonomous_patch_id":{"type":"string","description_kind":"plain","required":true},"description":{"type":"string","description_kind":"plain","computed":true},"id":{"type":"string","description_kind":"plain","optional":true,"computed":true},"lifecycle_details":{"type":"string","description_kind":"plain","computed":true},"patch_model":{"type":"string","description_kind":"plain","computed":true},"quarter":{"type":"string","description_kind":"plain","computed":true},"state":{"type":"string","description_kind":"plain","computed":true},"time_released":{"type":"string","description_kind":"plain","computed":true},"type":{"type":"string","description_kind":"plain","computed":true},"version":{"type":"string","description_kind":"plain","computed":true},"year":{"type":"string","description_kind":"plain","computed":true}},"description_kind":"plain"}},"oci_database_autonomous_vm_cluster":{"version":0,"block":{"attributes":{"autonomous_vm_cluster_id":{"type":"string","description_kind":"plain","required":true},"available_cpus":{"type":"number","description_kind":"plain","computed":true},"available_data_storage_size_in_tbs":{"type":"number","description_kind":"plain","computed":true},"compartment_id":{"type":"string","description_kind":"plain","computed":true},"cpus_enabled":{"type":"number","description_kind":"plain","computed":true},"data_storage_size_in_tbs":{"type":"number","description_kind":"plain","computed":true},"db_node_storage_size_in_gbs":{"type":"number","description_kind":"plain","computed":true},"defined_tags":{"type":["map","string"],"description_kind":"plain","computed":true},"display_name":{"type":"string","description_kind":"plain","computed":true},"exadata_infrastructure_id":{"type":"string","description_kind":"plain","computed":true},"freeform_tags":{"type":["map","string"],"description_kind":"plain","computed":true},"id":{"type":"string","description_kind":"plain","computed":true},"is_local_backup_enabled":{"type":"bool","description_kind":"plain","computed":true},"license_model":{"type":"string","description_kind":"plain","computed":true},"lifecycle_details":{"type":"string","description_kind":"plain","computed":true},"memory_size_in_gbs":{"type":"number","description_kind":"plain","computed":true},"state":{"type":"string","description_kind":"plain","computed":true},"time_created":{"type":"string","description_kind":"plain","computed":true},"time_zone":{"type":"string","description_kind":"plain","computed":true},"vm_cluster_network_id":{"type":"string","description_kind":"plain","computed":true}},"description_kind":"plain"}},"oci_database_autonomous_vm_clusters":{"version":0,"block":{"attributes":{"autonomous_vm_clusters":{"type":["list",["object",{"available_cpus":"number","available_data_storage_size_in_tbs":"number","compartment_id":"string","cpus_enabled":"number","data_storage_size_in_tbs":"number","db_node_storage_size_in_gbs":"number","defined_tags":["map","string"],"display_name":"string","exadata_infrastructure_id":"string","freeform_tags":["map","string"],"id":"string","is_local_backup_enabled":"bool","license_model":"string","lifecycle_details":"string","memory_size_in_gbs":"number","state":"string","time_created":"string","time_zone":"string","vm_cluster_network_id":"string"}]],"description_kind":"plain","computed":true},"compartment_id":{"type":"string","description_kind":"plain","required":true},"display_name":{"type":"string","description_kind":"plain","optional":true},"exadata_infrastructure_id":{"type":"string","description_kind":"plain","optional":true},"id":{"type":"string","description_kind":"plain","optional":true,"computed":true},"state":{"type":"string","description_kind":"plain","optional":true}},"block_types":{"filter":{"nesting_mode":"set","block":{"attributes":{"name":{"type":"string","description_kind":"plain","required":true},"regex":{"type":"bool","description_kind":"plain","optional":true},"values":{"type":["list","string"],"description_kind":"plain","required":true}},"description_kind":"plain"}}},"description_kind":"plain"}},"oci_database_backup_destination":{"version":0,"block":{"attributes":{"associated_databases":{"type":["list",["object",{"db_name":"string","id":"string"}]],"description_kind":"plain","computed":true},"backup_destination_id":{"type":"string","description_kind":"plain","required":true},"compartment_id":{"type":"string","description_kind":"plain","computed":true},"connection_string":{"type":"string","description_kind":"plain","computed":true},"defined_tags":{"type":["map","string"],"description_kind":"plain","computed":true},"display_name":{"type":"string","description_kind":"plain","computed":true},"freeform_tags":{"type":["map","string"],"description_kind":"plain","computed":true},"id":{"type":"string","description_kind":"plain","computed":true},"lifecycle_details":{"type":"string","description_kind":"plain","computed":true},"local_mount_point_path":{"type":"string","description_kind":"plain","computed":true},"mount_type_details":{"type":["list",["object",{"local_mount_point_path":"string","mount_type":"string","nfs_server":["list","string"],"nfs_server_export":"string"}]],"description_kind":"plain","computed":true},"nfs_mount_type":{"type":"string","description_kind":"plain","computed":true},"nfs_server":{"type":["list","string"],"description_kind":"plain","computed":true},"nfs_server_export":{"type":"string","description_kind":"plain","computed":true},"state":{"type":"string","description_kind":"plain","computed":true},"time_created":{"type":"string","description_kind":"plain","computed":true},"type":{"type":"string","description_kind":"plain","computed":true},"vpc_users":{"type":["list","string"],"description_kind":"plain","computed":true}},"description_kind":"plain"}},"oci_database_backup_destinations":{"version":0,"block":{"attributes":{"backup_destinations":{"type":["list",["object",{"associated_databases":["list",["object",{"db_name":"string","id":"string"}]],"compartment_id":"string","connection_string":"string","defined_tags":["map","string"],"display_name":"string","freeform_tags":["map","string"],"id":"string","lifecycle_details":"string","local_mount_point_path":"string","mount_type_details":["list",["object",{"local_mount_point_path":"string","mount_type":"string","nfs_server":["list","string"],"nfs_server_export":"string"}]],"nfs_mount_type":"string","nfs_server":["list","string"],"nfs_server_export":"string","state":"string","time_created":"string","type":"string","vpc_users":["list","string"]}]],"description_kind":"plain","computed":true},"compartment_id":{"type":"string","description_kind":"plain","required":true},"id":{"type":"string","description_kind":"plain","optional":true,"computed":true},"type":{"type":"string","description_kind":"plain","optional":true}},"block_types":{"filter":{"nesting_mode":"set","block":{"attributes":{"name":{"type":"string","description_kind":"plain","required":true},"regex":{"type":"bool","description_kind":"plain","optional":true},"values":{"type":["list","string"],"description_kind":"plain","required":true}},"description_kind":"plain"}}},"description_kind":"plain"}},"oci_database_backups":{"version":0,"block":{"attributes":{"backups":{"type":["list",["object",{"availability_domain":"string","compartment_id":"string","database_edition":"string","database_id":"string","database_size_in_gbs":"number","display_name":"string","id":"string","lifecycle_details":"string","shape":"string","state":"string","time_ended":"string","time_started":"string","type":"string","version":"string"}]],"description_kind":"plain","computed":true},"compartment_id":{"type":"string","description_kind":"plain","optional":true},"database_id":{"type":"string","description_kind":"plain","optional":true},"id":{"type":"string","description_kind":"plain","optional":true,"computed":true}},"block_types":{"filter":{"nesting_mode":"set","block":{"attributes":{"name":{"type":"string","description_kind":"plain","required":true},"regex":{"type":"bool","description_kind":"plain","optional":true},"values":{"type":["list","string"],"description_kind":"plain","required":true}},"description_kind":"plain"}}},"description_kind":"plain"}},"oci_database_data_guard_association":{"version":0,"block":{"attributes":{"apply_lag":{"type":"string","description_kind":"plain","computed":true},"apply_rate":{"type":"string","description_kind":"plain","computed":true},"availability_domain":{"type":"string","description_kind":"plain","computed":true},"backup_network_nsg_ids":{"type":["list","string"],"description_kind":"plain","computed":true},"creation_type":{"type":"string","description_kind":"plain","computed":true},"data_guard_association_id":{"type":"string","description_kind":"plain","required":true},"database_admin_password":{"type":"string","description_kind":"plain","computed":true,"sensitive":true},"database_id":{"type":"string","description_kind":"plain","required":true},"delete_standby_db_home_on_delete":{"type":"string","description_kind":"plain","computed":true},"display_name":{"type":"string","description_kind":"plain","computed":true},"hostname":{"type":"string","description_kind":"plain","computed":true},"id":{"type":"string","description_kind":"plain","computed":true},"lifecycle_details":{"type":"string","description_kind":"plain","computed":true},"nsg_ids":{"type":["list","string"],"description_kind":"plain","computed":true},"peer_data_guard_association_id":{"type":"string","description_kind":"plain","computed":true},"peer_database_id":{"type":"string","description_kind":"plain","computed":true},"peer_db_home_id":{"type":"string","description_kind":"plain","computed":true},"peer_db_system_id":{"type":"string","description_kind":"plain","computed":true},"peer_role":{"type":"string","description_kind":"plain","computed":true},"peer_vm_cluster_id":{"type":"string","description_kind":"plain","computed":true},"protection_mode":{"type":"string","description_kind":"plain","computed":true},"role":{"type":"string","description_kind":"plain","computed":true},"shape":{"type":"string","description_kind":"plain","computed":true},"state":{"type":"string","description_kind":"plain","computed":true},"subnet_id":{"type":"string","description_kind":"plain","computed":true},"time_created":{"type":"string","description_kind":"plain","computed":true},"transport_type":{"type":"string","description_kind":"plain","computed":true}},"description_kind":"plain"}},"oci_database_data_guard_associations":{"version":0,"block":{"attributes":{"data_guard_associations":{"type":["list",["object",{"apply_lag":"string","apply_rate":"string","availability_domain":"string","backup_network_nsg_ids":["list","string"],"creation_type":"string","database_admin_password":"string","database_id":"string","delete_standby_db_home_on_delete":"string","display_name":"string","hostname":"string","id":"string","lifecycle_details":"string","nsg_ids":["list","string"],"peer_data_guard_association_id":"string","peer_database_id":"string","peer_db_home_id":"string","peer_db_system_id":"string","peer_role":"string","peer_vm_cluster_id":"string","protection_mode":"string","role":"string","shape":"string","state":"string","subnet_id":"string","time_created":"string","transport_type":"string"}]],"description_kind":"plain","computed":true},"database_id":{"type":"string","description_kind":"plain","required":true},"id":{"type":"string","description_kind":"plain","optional":true,"computed":true}},"block_types":{"filter":{"nesting_mode":"set","block":{"attributes":{"name":{"type":"string","description_kind":"plain","required":true},"regex":{"type":"bool","description_kind":"plain","optional":true},"values":{"type":["list","string"],"description_kind":"plain","required":true}},"description_kind":"plain"}}},"description_kind":"plain"}},"oci_database_database":{"version":0,"block":{"attributes":{"character_set":{"type":"string","description_kind":"plain","computed":true},"compartment_id":{"type":"string","description_kind":"plain","computed":true},"connection_strings":{"type":["list",["object",{"all_connection_strings":["map","string"],"cdb_default":"string","cdb_ip_default":"string"}]],"description_kind":"plain","computed":true},"database":{"type":["list",["object",{"admin_password":"string","backup_id":"string","backup_tde_password":"string","character_set":"string","database_software_image_id":"string","db_backup_config":["list",["object",{"auto_backup_enabled":"bool","auto_backup_window":"string","backup_destination_details":["list",["object",{"id":"string","type":"string"}]],"recovery_window_in_days":"number"}]],"db_name":"string","db_unique_name":"string","db_workload":"string","defined_tags":["map","string"],"freeform_tags":["map","string"],"ncharacter_set":"string","pdb_name":"string"}]],"description_kind":"plain","computed":true},"database_id":{"type":"string","description_kind":"plain","required":true},"database_software_image_id":{"type":"string","description_kind":"plain","computed":true},"db_backup_config":{"type":["list",["object",{"auto_backup_enabled":"bool","auto_backup_window":"string","backup_destination_details":["list",["object",{"id":"string","type":"string"}]],"recovery_window_in_days":"number"}]],"description_kind":"plain","computed":true},"db_home_id":{"type":"string","description_kind":"plain","computed":true},"db_name":{"type":"string","description_kind":"plain","computed":true},"db_system_id":{"type":"string","description_kind":"plain","computed":true},"db_unique_name":{"type":"string","description_kind":"plain","computed":true},"db_version":{"type":"string","description_kind":"plain","computed":true},"db_workload":{"type":"string","description_kind":"plain","computed":true},"defined_tags":{"type":["map","string"],"description_kind":"plain","computed":true},"freeform_tags":{"type":["map","string"],"description_kind":"plain","computed":true},"id":{"type":"string","description_kind":"plain","computed":true},"last_backup_timestamp":{"type":"string","description_kind":"plain","computed":true},"lifecycle_details":{"type":"string","description_kind":"plain","computed":true},"ncharacter_set":{"type":"string","description_kind":"plain","computed":true},"pdb_name":{"type":"string","description_kind":"plain","computed":true},"source":{"type":"string","description_kind":"plain","computed":true},"source_database_point_in_time_recovery_timestamp":{"type":"string","description_kind":"plain","computed":true},"state":{"type":"string","description_kind":"plain","computed":true},"time_created":{"type":"string","description_kind":"plain","computed":true},"vm_cluster_id":{"type":"string","description_kind":"plain","computed":true}},"description_kind":"plain"}},"oci_database_database_software_image":{"version":0,"block":{"attributes":{"compartment_id":{"type":"string","description_kind":"plain","computed":true},"database_software_image_id":{"type":"string","description_kind":"plain","required":true},"database_software_image_included_patches":{"type":["list","string"],"description_kind":"plain","computed":true},"database_software_image_one_off_patches":{"type":["list","string"],"description_kind":"plain","computed":true},"database_version":{"type":"string","description_kind":"plain","computed":true},"defined_tags":{"type":["map","string"],"description_kind":"plain","computed":true},"display_name":{"type":"string","description_kind":"plain","computed":true},"freeform_tags":{"type":["map","string"],"description_kind":"plain","computed":true},"id":{"type":"string","description_kind":"plain","computed":true},"image_shape_family":{"type":"string","description_kind":"plain","computed":true},"image_type":{"type":"string","description_kind":"plain","computed":true},"included_patches_summary":{"type":"string","description_kind":"plain","computed":true},"lifecycle_details":{"type":"string","description_kind":"plain","computed":true},"ls_inventory":{"type":"string","description_kind":"plain","computed":true},"patch_set":{"type":"string","description_kind":"plain","computed":true},"state":{"type":"string","description_kind":"plain","computed":true},"time_created":{"type":"string","description_kind":"plain","computed":true}},"description_kind":"plain"}},"oci_database_database_software_images":{"version":0,"block":{"attributes":{"compartment_id":{"type":"string","description_kind":"plain","required":true},"database_software_images":{"type":["list",["object",{"compartment_id":"string","database_software_image_included_patches":["list","string"],"database_software_image_one_off_patches":["list","string"],"database_version":"string","defined_tags":["map","string"],"display_name":"string","freeform_tags":["map","string"],"id":"string","image_shape_family":"string","image_type":"string","included_patches_summary":"string","lifecycle_details":"string","ls_inventory":"string","patch_set":"string","state":"string","time_created":"string"}]],"description_kind":"plain","computed":true},"display_name":{"type":"string","description_kind":"plain","optional":true},"id":{"type":"string","description_kind":"plain","optional":true,"computed":true},"image_shape_family":{"type":"string","description_kind":"plain","optional":true},"image_type":{"type":"string","description_kind":"plain","optional":true},"state":{"type":"string","description_kind":"plain","optional":true}},"block_types":{"filter":{"nesting_mode":"set","block":{"attributes":{"name":{"type":"string","description_kind":"plain","required":true},"regex":{"type":"bool","description_kind":"plain","optional":true},"values":{"type":["list","string"],"description_kind":"plain","required":true}},"description_kind":"plain"}}},"description_kind":"plain"}},"oci_database_databases":{"version":0,"block":{"attributes":{"compartment_id":{"type":"string","description_kind":"plain","required":true},"databases":{"type":["list",["object",{"character_set":"string","compartment_id":"string","connection_strings":["list",["object",{"all_connection_strings":["map","string"],"cdb_default":"string","cdb_ip_default":"string"}]],"database":["list",["object",{"admin_password":"string","backup_id":"string","backup_tde_password":"string","character_set":"string","database_software_image_id":"string","db_backup_config":["list",["object",{"auto_backup_enabled":"bool","auto_backup_window":"string","backup_destination_details":["list",["object",{"id":"string","type":"string"}]],"recovery_window_in_days":"number"}]],"db_name":"string","db_unique_name":"string","db_workload":"string","defined_tags":["map","string"],"freeform_tags":["map","string"],"ncharacter_set":"string","pdb_name":"string"}]],"database_software_image_id":"string","db_backup_config":["list",["object",{"auto_backup_enabled":"bool","auto_backup_window":"string","backup_destination_details":["list",["object",{"id":"string","type":"string"}]],"recovery_window_in_days":"number"}]],"db_home_id":"string","db_name":"string","db_system_id":"string","db_unique_name":"string","db_version":"string","db_workload":"string","defined_tags":["map","string"],"freeform_tags":["map","string"],"id":"string","last_backup_timestamp":"string","lifecycle_details":"string","ncharacter_set":"string","pdb_name":"string","source":"string","source_database_point_in_time_recovery_timestamp":"string","state":"string","time_created":"string","vm_cluster_id":"string"}]],"description_kind":"plain","computed":true},"db_home_id":{"type":"string","description_kind":"plain","optional":true},"db_name":{"type":"string","description_kind":"plain","optional":true},"id":{"type":"string","description_kind":"plain","optional":true,"computed":true},"state":{"type":"string","description_kind":"plain","optional":true},"system_id":{"type":"string","description_kind":"plain","optional":true}},"block_types":{"filter":{"nesting_mode":"set","block":{"attributes":{"name":{"type":"string","description_kind":"plain","required":true},"regex":{"type":"bool","description_kind":"plain","optional":true},"values":{"type":["list","string"],"description_kind":"plain","required":true}},"description_kind":"plain"}}},"description_kind":"plain"}},"oci_database_db_home":{"version":0,"block":{"attributes":{"compartment_id":{"type":"string","description_kind":"plain","computed":true},"database":{"type":["list",["object",{"admin_password":"string","backup_id":"string","backup_tde_password":"string","character_set":"string","connection_strings":["list",["object",{"all_connection_strings":["map","string"],"cdb_default":"string","cdb_ip_default":"string"}]],"database_id":"string","database_software_image_id":"string","db_backup_config":["list",["object",{"auto_backup_enabled":"bool","auto_backup_window":"string","backup_destination_details":["list",["object",{"id":"string","type":"string"}]],"recovery_window_in_days":"number"}]],"db_name":"string","db_unique_name":"string","db_workload":"string","defined_tags":["map","string"],"freeform_tags":["map","string"],"id":"string","lifecycle_details":"string","ncharacter_set":"string","one_off_patches":["list","string"],"pdb_name":"string","state":"string","time_created":"string","time_stamp_for_point_in_time_recovery":"string"}]],"description_kind":"plain","computed":true},"database_software_image_id":{"type":"string","description_kind":"plain","computed":true},"db_home_id":{"type":"string","description_kind":"plain","required":true},"db_home_location":{"type":"string","description_kind":"plain","computed":true},"db_system_id":{"type":"string","description_kind":"plain","computed":true},"db_version":{"type":"string","description_kind":"plain","computed":true},"defined_tags":{"type":["map","string"],"description_kind":"plain","computed":true},"display_name":{"type":"string","description_kind":"plain","computed":true},"freeform_tags":{"type":["map","string"],"description_kind":"plain","computed":true},"id":{"type":"string","description_kind":"plain","computed":true},"last_patch_history_entry_id":{"type":"string","description_kind":"plain","computed":true},"lifecycle_details":{"type":"string","description_kind":"plain","computed":true},"source":{"type":"string","description_kind":"plain","computed":true},"state":{"type":"string","description_kind":"plain","computed":true},"time_created":{"type":"string","description_kind":"plain","computed":true},"vm_cluster_id":{"type":"string","description_kind":"plain","computed":true}},"description_kind":"plain"}},"oci_database_db_home_patch_history_entries":{"version":0,"block":{"attributes":{"db_home_id":{"type":"string","description_kind":"plain","required":true},"id":{"type":"string","description_kind":"plain","optional":true,"computed":true},"patch_history_entries":{"type":["list",["object",{"action":"string","id":"string","lifecycle_details":"string","patch_id":"string","state":"string","time_ended":"string","time_started":"string"}]],"description_kind":"plain","computed":true}},"block_types":{"filter":{"nesting_mode":"set","block":{"attributes":{"name":{"type":"string","description_kind":"plain","required":true},"regex":{"type":"bool","description_kind":"plain","optional":true},"values":{"type":["list","string"],"description_kind":"plain","required":true}},"description_kind":"plain"}}},"description_kind":"plain"}},"oci_database_db_home_patches":{"version":0,"block":{"attributes":{"db_home_id":{"type":"string","description_kind":"plain","required":true},"id":{"type":"string","description_kind":"plain","optional":true,"computed":true},"patches":{"type":["list",["object",{"available_actions":["list","string"],"description":"string","id":"string","last_action":"string","lifecycle_details":"string","state":"string","time_released":"string","version":"string"}]],"description_kind":"plain","computed":true}},"block_types":{"filter":{"nesting_mode":"set","block":{"attributes":{"name":{"type":"string","description_kind":"plain","required":true},"regex":{"type":"bool","description_kind":"plain","optional":true},"values":{"type":["list","string"],"description_kind":"plain","required":true}},"description_kind":"plain"}}},"description_kind":"plain"}},"oci_database_db_homes":{"version":0,"block":{"attributes":{"backup_id":{"type":"string","description_kind":"plain","optional":true},"compartment_id":{"type":"string","description_kind":"plain","required":true},"db_homes":{"type":["list",["object",{"compartment_id":"string","database":["list",["object",{"admin_password":"string","backup_id":"string","backup_tde_password":"string","character_set":"string","connection_strings":["list",["object",{"all_connection_strings":["map","string"],"cdb_default":"string","cdb_ip_default":"string"}]],"database_id":"string","database_software_image_id":"string","db_backup_config":["list",["object",{"auto_backup_enabled":"bool","auto_backup_window":"string","backup_destination_details":["list",["object",{"id":"string","type":"string"}]],"recovery_window_in_days":"number"}]],"db_name":"string","db_unique_name":"string","db_workload":"string","defined_tags":["map","string"],"freeform_tags":["map","string"],"id":"string","lifecycle_details":"string","ncharacter_set":"string","one_off_patches":["list","string"],"pdb_name":"string","state":"string","time_created":"string","time_stamp_for_point_in_time_recovery":"string"}]],"database_software_image_id":"string","db_home_id":"string","db_home_location":"string","db_system_id":"string","db_version":"string","defined_tags":["map","string"],"display_name":"string","freeform_tags":["map","string"],"id":"string","last_patch_history_entry_id":"string","lifecycle_details":"string","source":"string","state":"string","time_created":"string","vm_cluster_id":"string"}]],"description_kind":"plain","computed":true},"db_system_id":{"type":"string","description_kind":"plain","optional":true},"display_name":{"type":"string","description_kind":"plain","optional":true},"id":{"type":"string","description_kind":"plain","optional":true,"computed":true},"state":{"type":"string","description_kind":"plain","optional":true},"vm_cluster_id":{"type":"string","description_kind":"plain","optional":true}},"block_types":{"filter":{"nesting_mode":"set","block":{"attributes":{"name":{"type":"string","description_kind":"plain","required":true},"regex":{"type":"bool","description_kind":"plain","optional":true},"values":{"type":["list","string"],"description_kind":"plain","required":true}},"description_kind":"plain"}}},"description_kind":"plain"}},"oci_database_db_node":{"version":0,"block":{"attributes":{"additional_details":{"type":"string","description_kind":"plain","computed":true},"backup_vnic_id":{"type":"string","description_kind":"plain","computed":true},"db_node_id":{"type":"string","description_kind":"plain","required":true},"db_system_id":{"type":"string","description_kind":"plain","computed":true},"fault_domain":{"type":"string","description_kind":"plain","computed":true},"hostname":{"type":"string","description_kind":"plain","computed":true},"id":{"type":"string","description_kind":"plain","optional":true,"computed":true},"maintenance_type":{"type":"string","description_kind":"plain","computed":true},"software_storage_size_in_gb":{"type":"number","description_kind":"plain","computed":true},"state":{"type":"string","description_kind":"plain","computed":true},"time_created":{"type":"string","description_kind":"plain","computed":true},"time_maintenance_window_end":{"type":"string","description_kind":"plain","computed":true},"time_maintenance_window_start":{"type":"string","description_kind":"plain","computed":true},"vnic_id":{"type":"string","description_kind":"plain","computed":true}},"description_kind":"plain"}},"oci_database_db_node_console_connection":{"version":0,"block":{"attributes":{"compartment_id":{"type":"string","description_kind":"plain","computed":true},"connection_string":{"type":"string","description_kind":"plain","computed":true},"db_node_id":{"type":"string","description_kind":"plain","required":true},"fingerprint":{"type":"string","description_kind":"plain","computed":true},"id":{"type":"string","description_kind":"plain","required":true},"public_key":{"type":"string","description_kind":"plain","computed":true},"state":{"type":"string","description_kind":"plain","computed":true}},"description_kind":"plain"}},"oci_database_db_node_console_connections":{"version":0,"block":{"attributes":{"console_connections":{"type":["list",["object",{"compartment_id":"string","connection_string":"string","db_node_id":"string","fingerprint":"string","id":"string","public_key":"string","state":"string"}]],"description_kind":"plain","computed":true},"db_node_id":{"type":"string","description_kind":"plain","required":true},"id":{"type":"string","description_kind":"plain","optional":true,"computed":true}},"block_types":{"filter":{"nesting_mode":"set","block":{"attributes":{"name":{"type":"string","description_kind":"plain","required":true},"regex":{"type":"bool","description_kind":"plain","optional":true},"values":{"type":["list","string"],"description_kind":"plain","required":true}},"description_kind":"plain"}}},"description_kind":"plain"}},"oci_database_db_nodes":{"version":0,"block":{"attributes":{"compartment_id":{"type":"string","description_kind":"plain","required":true},"db_nodes":{"type":["list",["object",{"additional_details":"string","backup_vnic_id":"string","db_node_id":"string","db_system_id":"string","fault_domain":"string","hostname":"string","id":"string","maintenance_type":"string","software_storage_size_in_gb":"number","state":"string","time_created":"string","time_maintenance_window_end":"string","time_maintenance_window_start":"string","vnic_id":"string"}]],"description_kind":"plain","computed":true},"db_system_id":{"type":"string","description_kind":"plain","optional":true},"id":{"type":"string","description_kind":"plain","optional":true,"computed":true},"state":{"type":"string","description_kind":"plain","optional":true},"vm_cluster_id":{"type":"string","description_kind":"plain","optional":true}},"block_types":{"filter":{"nesting_mode":"set","block":{"attributes":{"name":{"type":"string","description_kind":"plain","required":true},"regex":{"type":"bool","description_kind":"plain","optional":true},"values":{"type":["list","string"],"description_kind":"plain","required":true}},"description_kind":"plain"}}},"description_kind":"plain"}},"oci_database_db_system_patch_history_entries":{"version":0,"block":{"attributes":{"db_system_id":{"type":"string","description_kind":"plain","required":true},"id":{"type":"string","description_kind":"plain","optional":true,"computed":true},"patch_history_entries":{"type":["list",["object",{"action":"string","id":"string","lifecycle_details":"string","patch_id":"string","state":"string","time_ended":"string","time_started":"string"}]],"description_kind":"plain","computed":true}},"block_types":{"filter":{"nesting_mode":"set","block":{"attributes":{"name":{"type":"string","description_kind":"plain","required":true},"regex":{"type":"bool","description_kind":"plain","optional":true},"values":{"type":["list","string"],"description_kind":"plain","required":true}},"description_kind":"plain"}}},"description_kind":"plain"}},"oci_database_db_system_patches":{"version":0,"block":{"attributes":{"db_system_id":{"type":"string","description_kind":"plain","required":true},"id":{"type":"string","description_kind":"plain","optional":true,"computed":true},"patches":{"type":["list",["object",{"available_actions":["list","string"],"description":"string","id":"string","last_action":"string","lifecycle_details":"string","state":"string","time_released":"string","version":"string"}]],"description_kind":"plain","computed":true}},"block_types":{"filter":{"nesting_mode":"set","block":{"attributes":{"name":{"type":"string","description_kind":"plain","required":true},"regex":{"type":"bool","description_kind":"plain","optional":true},"values":{"type":["list","string"],"description_kind":"plain","required":true}},"description_kind":"plain"}}},"description_kind":"plain"}},"oci_database_db_system_shapes":{"version":0,"block":{"attributes":{"availability_domain":{"type":"string","description_kind":"plain","optional":true},"compartment_id":{"type":"string","description_kind":"plain","required":true},"db_system_shapes":{"type":["list",["object",{"available_core_count":"number","available_data_storage_in_tbs":"number","available_db_node_storage_in_gbs":"number","available_memory_in_gbs":"number","core_count_increment":"number","maximum_node_count":"number","min_core_count_per_node":"number","min_data_storage_in_tbs":"number","min_db_node_storage_per_node_in_gbs":"number","min_memory_per_node_in_gbs":"number","minimum_core_count":"number","minimum_node_count":"number","name":"string","shape":"string","shape_family":"string"}]],"description_kind":"plain","computed":true},"id":{"type":"string","description_kind":"plain","optional":true,"computed":true}},"block_types":{"filter":{"nesting_mode":"set","block":{"attributes":{"name":{"type":"string","description_kind":"plain","required":true},"regex":{"type":"bool","description_kind":"plain","optional":true},"values":{"type":["list","string"],"description_kind":"plain","required":true}},"description_kind":"plain"}}},"description_kind":"plain"}},"oci_database_db_systems":{"version":0,"block":{"attributes":{"availability_domain":{"type":"string","description_kind":"plain","optional":true},"backup_id":{"type":"string","description_kind":"plain","optional":true},"compartment_id":{"type":"string","description_kind":"plain","required":true},"db_systems":{"type":["list",["object",{"availability_domain":"string","backup_network_nsg_ids":["list","string"],"backup_subnet_id":"string","cluster_name":"string","compartment_id":"string","cpu_core_count":"number","data_storage_percentage":"number","data_storage_size_in_gb":"number","database_edition":"string","db_home":["list",["object",{"database":["list",["object",{"admin_password":"string","backup_id":"string","backup_tde_password":"string","character_set":"string","connection_strings":["list",["object",{"all_connection_strings":["map","string"],"cdb_default":"string","cdb_ip_default":"string"}]],"database_id":"string","database_software_image_id":"string","db_backup_config":["list",["object",{"auto_backup_enabled":"bool","auto_backup_window":"string","backup_destination_details":["list",["object",{"id":"string","type":"string"}]],"recovery_window_in_days":"number"}]],"db_domain":"string","db_name":"string","db_unique_name":"string","db_workload":"string","defined_tags":["map","string"],"freeform_tags":["map","string"],"id":"string","lifecycle_details":"string","ncharacter_set":"string","pdb_name":"string","state":"string","time_created":"string","time_stamp_for_point_in_time_recovery":"string"}]],"database_software_image_id":"string","db_home_location":"string","db_version":"string","defined_tags":["map","string"],"display_name":"string","freeform_tags":["map","string"],"id":"string","last_patch_history_entry_id":"string","lifecycle_details":"string","state":"string","time_created":"string"}]],"db_system_options":["list",["object",{"storage_management":"string"}]],"defined_tags":["map","string"],"disk_redundancy":"string","display_name":"string","domain":"string","fault_domains":["list","string"],"freeform_tags":["map","string"],"hostname":"string","id":"string","iorm_config_cache":["list",["object",{"db_plans":["list",["object",{"db_name":"string","flash_cache_limit":"string","share":"number"}]],"db_system_id":"string","lifecycle_details":"string","objective":"string","state":"string"}]],"last_maintenance_run_id":"string","last_patch_history_entry_id":"string","license_model":"string","lifecycle_details":"string","listener_port":"number","maintenance_window":["list",["object",{"days_of_week":["list",["object",{"name":"string"}]],"hours_of_day":["list","number"],"lead_time_in_weeks":"number","months":["list",["object",{"name":"string"}]],"preference":"string","weeks_of_month":["list","number"]}]],"maintenance_window_details":["list",["object",{"days_of_week":["list",["object",{"name":"string"}]],"hours_of_day":["list","number"],"lead_time_in_weeks":"number","months":["list",["object",{"name":"string"}]],"preference":"string","weeks_of_month":["list","number"]}]],"next_maintenance_run_id":"string","node_count":"number","nsg_ids":["list","string"],"point_in_time_data_disk_clone_timestamp":"string","private_ip":"string","reco_storage_size_in_gb":"number","scan_dns_record_id":"string","scan_ip_ids":["list","string"],"shape":"string","source":"string","source_db_system_id":"string","sparse_diskgroup":"bool","ssh_public_keys":["list","string"],"state":"string","subnet_id":"string","time_created":"string","time_zone":"string","version":"string","vip_ids":["list","string"]}]],"description_kind":"plain","computed":true},"display_name":{"type":"string","description_kind":"plain","optional":true},"id":{"type":"string","description_kind":"plain","optional":true,"computed":true},"state":{"type":"string","description_kind":"plain","optional":true}},"block_types":{"filter":{"nesting_mode":"set","block":{"attributes":{"name":{"type":"string","description_kind":"plain","required":true},"regex":{"type":"bool","description_kind":"plain","optional":true},"values":{"type":["list","string"],"description_kind":"plain","required":true}},"description_kind":"plain"}}},"description_kind":"plain"}},"oci_database_db_versions":{"version":0,"block":{"attributes":{"compartment_id":{"type":"string","description_kind":"plain","required":true},"db_system_id":{"type":"string","description_kind":"plain","optional":true},"db_system_shape":{"type":"string","description_kind":"plain","optional":true},"db_versions":{"type":["list",["object",{"is_latest_for_major_version":"bool","is_preview_db_version":"bool","supports_pdb":"bool","version":"string"}]],"description_kind":"plain","computed":true},"id":{"type":"string","description_kind":"plain","optional":true,"computed":true},"storage_management":{"type":"string","description_kind":"plain","optional":true}},"block_types":{"filter":{"nesting_mode":"set","block":{"attributes":{"name":{"type":"string","description_kind":"plain","required":true},"regex":{"type":"bool","description_kind":"plain","optional":true},"values":{"type":["list","string"],"description_kind":"plain","required":true}},"description_kind":"plain"}}},"description_kind":"plain"}},"oci_database_exadata_infrastructure":{"version":0,"block":{"attributes":{"activation_file":{"type":"string","description_kind":"plain","computed":true},"admin_network_cidr":{"type":"string","description_kind":"plain","computed":true},"cloud_control_plane_server1":{"type":"string","description_kind":"plain","computed":true},"cloud_control_plane_server2":{"type":"string","description_kind":"plain","computed":true},"compartment_id":{"type":"string","description_kind":"plain","computed":true},"corporate_proxy":{"type":"string","description_kind":"plain","computed":true},"cpus_enabled":{"type":"number","description_kind":"plain","computed":true},"data_storage_size_in_tbs":{"type":"number","description_kind":"plain","computed":true},"db_node_storage_size_in_gbs":{"type":"number","description_kind":"plain","computed":true},"defined_tags":{"type":["map","string"],"description_kind":"plain","computed":true},"display_name":{"type":"string","description_kind":"plain","computed":true},"dns_server":{"type":["list","string"],"description_kind":"plain","computed":true},"exadata_infrastructure_id":{"type":"string","description_kind":"plain","required":true},"freeform_tags":{"type":["map","string"],"description_kind":"plain","computed":true},"gateway":{"type":"string","description_kind":"plain","computed":true},"id":{"type":"string","description_kind":"plain","computed":true},"infini_band_network_cidr":{"type":"string","description_kind":"plain","computed":true},"lifecycle_details":{"type":"string","description_kind":"plain","computed":true},"max_cpu_count":{"type":"number","description_kind":"plain","computed":true},"max_data_storage_in_tbs":{"type":"number","description_kind":"plain","computed":true},"max_db_node_storage_in_gbs":{"type":"number","description_kind":"plain","computed":true},"max_memory_in_gbs":{"type":"number","description_kind":"plain","computed":true},"memory_size_in_gbs":{"type":"number","description_kind":"plain","computed":true},"netmask":{"type":"string","description_kind":"plain","computed":true},"ntp_server":{"type":["list","string"],"description_kind":"plain","computed":true},"shape":{"type":"string","description_kind":"plain","computed":true},"state":{"type":"string","description_kind":"plain","computed":true},"time_created":{"type":"string","description_kind":"plain","computed":true},"time_zone":{"type":"string","description_kind":"plain","computed":true}},"description_kind":"plain"}},"oci_database_exadata_infrastructure_download_config_file":{"version":0,"block":{"attributes":{"base64_encode_content":{"type":"bool","description_kind":"plain","optional":true},"content":{"type":"string","description_kind":"plain","computed":true},"exadata_infrastructure_id":{"type":"string","description_kind":"plain","required":true},"id":{"type":"string","description_kind":"plain","optional":true,"computed":true}},"description_kind":"plain"}},"oci_database_exadata_infrastructures":{"version":0,"block":{"attributes":{"compartment_id":{"type":"string","description_kind":"plain","required":true},"display_name":{"type":"string","description_kind":"plain","optional":true},"exadata_infrastructures":{"type":["list",["object",{"activation_file":"string","admin_network_cidr":"string","cloud_control_plane_server1":"string","cloud_control_plane_server2":"string","compartment_id":"string","corporate_proxy":"string","cpus_enabled":"number","data_storage_size_in_tbs":"number","db_node_storage_size_in_gbs":"number","defined_tags":["map","string"],"display_name":"string","dns_server":["list","string"],"freeform_tags":["map","string"],"gateway":"string","id":"string","infini_band_network_cidr":"string","lifecycle_details":"string","max_cpu_count":"number","max_data_storage_in_tbs":"number","max_db_node_storage_in_gbs":"number","max_memory_in_gbs":"number","memory_size_in_gbs":"number","netmask":"string","ntp_server":["list","string"],"shape":"string","state":"string","time_created":"string","time_zone":"string"}]],"description_kind":"plain","computed":true},"id":{"type":"string","description_kind":"plain","optional":true,"computed":true},"state":{"type":"string","description_kind":"plain","optional":true}},"block_types":{"filter":{"nesting_mode":"set","block":{"attributes":{"name":{"type":"string","description_kind":"plain","required":true},"regex":{"type":"bool","description_kind":"plain","optional":true},"values":{"type":["list","string"],"description_kind":"plain","required":true}},"description_kind":"plain"}}},"description_kind":"plain"}},"oci_database_exadata_iorm_config":{"version":0,"block":{"attributes":{"db_plans":{"type":["list",["object",{"db_name":"string","flash_cache_limit":"string","share":"number"}]],"description_kind":"plain","computed":true},"db_system_id":{"type":"string","description_kind":"plain","required":true},"id":{"type":"string","description_kind":"plain","computed":true},"lifecycle_details":{"type":"string","description_kind":"plain","computed":true},"objective":{"type":"string","description_kind":"plain","computed":true},"state":{"type":"string","description_kind":"plain","computed":true}},"description_kind":"plain"}},"oci_database_gi_versions":{"version":0,"block":{"attributes":{"compartment_id":{"type":"string","description_kind":"plain","required":true},"gi_versions":{"type":["list",["object",{"version":"string"}]],"description_kind":"plain","computed":true},"id":{"type":"string","description_kind":"plain","optional":true,"computed":true},"shape":{"type":"string","description_kind":"plain","optional":true}},"block_types":{"filter":{"nesting_mode":"set","block":{"attributes":{"name":{"type":"string","description_kind":"plain","required":true},"regex":{"type":"bool","description_kind":"plain","optional":true},"values":{"type":["list","string"],"description_kind":"plain","required":true}},"description_kind":"plain"}}},"description_kind":"plain"}},"oci_database_maintenance_run":{"version":0,"block":{"attributes":{"compartment_id":{"type":"string","description_kind":"plain","computed":true},"description":{"type":"string","description_kind":"plain","computed":true},"display_name":{"type":"string","description_kind":"plain","computed":true},"id":{"type":"string","description_kind":"plain","computed":true},"is_enabled":{"type":"bool","description_kind":"plain","computed":true},"is_patch_now_enabled":{"type":"bool","description_kind":"plain","computed":true},"lifecycle_details":{"type":"string","description_kind":"plain","computed":true},"maintenance_run_id":{"type":"string","description_kind":"plain","required":true},"maintenance_subtype":{"type":"string","description_kind":"plain","computed":true},"maintenance_type":{"type":"string","description_kind":"plain","computed":true},"patch_id":{"type":"string","description_kind":"plain","computed":true},"state":{"type":"string","description_kind":"plain","computed":true},"target_resource_id":{"type":"string","description_kind":"plain","computed":true},"target_resource_type":{"type":"string","description_kind":"plain","computed":true},"time_ended":{"type":"string","description_kind":"plain","computed":true},"time_scheduled":{"type":"string","description_kind":"plain","computed":true},"time_started":{"type":"string","description_kind":"plain","computed":true}},"description_kind":"plain"}},"oci_database_maintenance_runs":{"version":0,"block":{"attributes":{"availability_domain":{"type":"string","description_kind":"plain","optional":true},"compartment_id":{"type":"string","description_kind":"plain","required":true},"id":{"type":"string","description_kind":"plain","optional":true,"computed":true},"maintenance_runs":{"type":["list",["object",{"compartment_id":"string","description":"string","display_name":"string","id":"string","is_enabled":"bool","is_patch_now_enabled":"bool","lifecycle_details":"string","maintenance_run_id":"string","maintenance_subtype":"string","maintenance_type":"string","patch_id":"string","state":"string","target_resource_id":"string","target_resource_type":"string","time_ended":"string","time_scheduled":"string","time_started":"string"}]],"description_kind":"plain","computed":true},"maintenance_type":{"type":"string","description_kind":"plain","optional":true},"state":{"type":"string","description_kind":"plain","optional":true},"target_resource_id":{"type":"string","description_kind":"plain","optional":true},"target_resource_type":{"type":"string","description_kind":"plain","optional":true}},"block_types":{"filter":{"nesting_mode":"set","block":{"attributes":{"name":{"type":"string","description_kind":"plain","required":true},"regex":{"type":"bool","description_kind":"plain","optional":true},"values":{"type":["list","string"],"description_kind":"plain","required":true}},"description_kind":"plain"}}},"description_kind":"plain"}},"oci_database_vm_cluster":{"version":0,"block":{"attributes":{"compartment_id":{"type":"string","description_kind":"plain","computed":true},"cpu_core_count":{"type":"number","description_kind":"plain","computed":true},"cpus_enabled":{"type":"number","description_kind":"plain","computed":true},"data_storage_size_in_tbs":{"type":"number","description_kind":"plain","computed":true},"db_node_storage_size_in_gbs":{"type":"number","description_kind":"plain","computed":true},"defined_tags":{"type":["map","string"],"description_kind":"plain","computed":true},"display_name":{"type":"string","description_kind":"plain","computed":true},"exadata_infrastructure_id":{"type":"string","description_kind":"plain","computed":true},"freeform_tags":{"type":["map","string"],"description_kind":"plain","computed":true},"gi_version":{"type":"string","description_kind":"plain","computed":true},"id":{"type":"string","description_kind":"plain","computed":true},"is_local_backup_enabled":{"type":"bool","description_kind":"plain","computed":true},"is_sparse_diskgroup_enabled":{"type":"bool","description_kind":"plain","computed":true},"last_patch_history_entry_id":{"type":"string","description_kind":"plain","computed":true},"license_model":{"type":"string","description_kind":"plain","computed":true},"lifecycle_details":{"type":"string","description_kind":"plain","computed":true},"memory_size_in_gbs":{"type":"number","description_kind":"plain","computed":true},"shape":{"type":"string","description_kind":"plain","computed":true},"ssh_public_keys":{"type":["list","string"],"description_kind":"plain","computed":true},"state":{"type":"string","description_kind":"plain","computed":true},"time_created":{"type":"string","description_kind":"plain","computed":true},"time_zone":{"type":"string","description_kind":"plain","computed":true},"vm_cluster_id":{"type":"string","description_kind":"plain","required":true},"vm_cluster_network_id":{"type":"string","description_kind":"plain","computed":true}},"description_kind":"plain"}},"oci_database_vm_cluster_network":{"version":0,"block":{"attributes":{"compartment_id":{"type":"string","description_kind":"plain","computed":true},"defined_tags":{"type":["map","string"],"description_kind":"plain","computed":true},"display_name":{"type":"string","description_kind":"plain","computed":true},"dns":{"type":["list","string"],"description_kind":"plain","computed":true},"exadata_infrastructure_id":{"type":"string","description_kind":"plain","required":true},"freeform_tags":{"type":["map","string"],"description_kind":"plain","computed":true},"id":{"type":"string","description_kind":"plain","computed":true},"lifecycle_details":{"type":"string","description_kind":"plain","computed":true},"ntp":{"type":["list","string"],"description_kind":"plain","computed":true},"scans":{"type":["list",["object",{"hostname":"string","ips":["list","string"],"port":"number"}]],"description_kind":"plain","computed":true},"state":{"type":"string","description_kind":"plain","computed":true},"time_created":{"type":"string","description_kind":"plain","computed":true},"validate_vm_cluster_network":{"type":"bool","description_kind":"plain","computed":true},"vm_cluster_id":{"type":"string","description_kind":"plain","computed":true},"vm_cluster_network_id":{"type":"string","description_kind":"plain","required":true},"vm_networks":{"type":["list",["object",{"domain_name":"string","gateway":"string","netmask":"string","network_type":"string","nodes":["list",["object",{"hostname":"string","ip":"string","vip":"string","vip_hostname":"string"}]],"vlan_id":"string"}]],"description_kind":"plain","computed":true}},"description_kind":"plain"}},"oci_database_vm_cluster_network_download_config_file":{"version":0,"block":{"attributes":{"base64_encode_content":{"type":"bool","description_kind":"plain","optional":true},"content":{"type":"string","description_kind":"plain","computed":true},"exadata_infrastructure_id":{"type":"string","description_kind":"plain","required":true},"id":{"type":"string","description_kind":"plain","optional":true,"computed":true},"vm_cluster_network_id":{"type":"string","description_kind":"plain","required":true}},"description_kind":"plain"}},"oci_database_vm_cluster_networks":{"version":0,"block":{"attributes":{"compartment_id":{"type":"string","description_kind":"plain","required":true},"display_name":{"type":"string","description_kind":"plain","optional":true},"exadata_infrastructure_id":{"type":"string","description_kind":"plain","required":true},"id":{"type":"string","description_kind":"plain","optional":true,"computed":true},"state":{"type":"string","description_kind":"plain","optional":true},"vm_cluster_networks":{"type":["list",["object",{"compartment_id":"string","defined_tags":["map","string"],"display_name":"string","dns":["list","string"],"exadata_infrastructure_id":"string","freeform_tags":["map","string"],"id":"string","lifecycle_details":"string","ntp":["list","string"],"scans":["list",["object",{"hostname":"string","ips":["list","string"],"port":"number"}]],"state":"string","time_created":"string","validate_vm_cluster_network":"bool","vm_cluster_id":"string","vm_networks":["list",["object",{"domain_name":"string","gateway":"string","netmask":"string","network_type":"string","nodes":["list",["object",{"hostname":"string","ip":"string","vip":"string","vip_hostname":"string"}]],"vlan_id":"string"}]]}]],"description_kind":"plain","computed":true}},"block_types":{"filter":{"nesting_mode":"set","block":{"attributes":{"name":{"type":"string","description_kind":"plain","required":true},"regex":{"type":"bool","description_kind":"plain","optional":true},"values":{"type":["list","string"],"description_kind":"plain","required":true}},"description_kind":"plain"}}},"description_kind":"plain"}},"oci_database_vm_cluster_patch":{"version":0,"block":{"attributes":{"available_actions":{"type":["list","string"],"description_kind":"plain","computed":true},"description":{"type":"string","description_kind":"plain","computed":true},"id":{"type":"string","description_kind":"plain","optional":true,"computed":true},"last_action":{"type":"string","description_kind":"plain","computed":true},"lifecycle_details":{"type":"string","description_kind":"plain","computed":true},"patch_id":{"type":"string","description_kind":"plain","required":true},"state":{"type":"string","description_kind":"plain","computed":true},"time_released":{"type":"string","description_kind":"plain","computed":true},"version":{"type":"string","description_kind":"plain","computed":true},"vm_cluster_id":{"type":"string","description_kind":"plain","required":true}},"description_kind":"plain"}},"oci_database_vm_cluster_patch_history_entries":{"version":0,"block":{"attributes":{"id":{"type":"string","description_kind":"plain","optional":true,"computed":true},"patch_history_entries":{"type":["list",["object",{"action":"string","id":"string","lifecycle_details":"string","patch_id":"string","state":"string","time_ended":"string","time_started":"string"}]],"description_kind":"plain","computed":true},"vm_cluster_id":{"type":"string","description_kind":"plain","required":true}},"block_types":{"filter":{"nesting_mode":"set","block":{"attributes":{"name":{"type":"string","description_kind":"plain","required":true},"regex":{"type":"bool","description_kind":"plain","optional":true},"values":{"type":["list","string"],"description_kind":"plain","required":true}},"description_kind":"plain"}}},"description_kind":"plain"}},"oci_database_vm_cluster_patch_history_entry":{"version":0,"block":{"attributes":{"action":{"type":"string","description_kind":"plain","computed":true},"id":{"type":"string","description_kind":"plain","optional":true,"computed":true},"lifecycle_details":{"type":"string","description_kind":"plain","computed":true},"patch_history_entry_id":{"type":"string","description_kind":"plain","required":true},"patch_id":{"type":"string","description_kind":"plain","computed":true},"state":{"type":"string","description_kind":"plain","computed":true},"time_ended":{"type":"string","description_kind":"plain","computed":true},"time_started":{"type":"string","description_kind":"plain","computed":true},"vm_cluster_id":{"type":"string","description_kind":"plain","required":true}},"description_kind":"plain"}},"oci_database_vm_cluster_patches":{"version":0,"block":{"attributes":{"id":{"type":"string","description_kind":"plain","optional":true,"computed":true},"patches":{"type":["list",["object",{"available_actions":["list","string"],"description":"string","id":"string","last_action":"string","lifecycle_details":"string","state":"string","time_released":"string","version":"string"}]],"description_kind":"plain","computed":true},"vm_cluster_id":{"type":"string","description_kind":"plain","required":true}},"block_types":{"filter":{"nesting_mode":"set","block":{"attributes":{"name":{"type":"string","description_kind":"plain","required":true},"regex":{"type":"bool","description_kind":"plain","optional":true},"values":{"type":["list","string"],"description_kind":"plain","required":true}},"description_kind":"plain"}}},"description_kind":"plain"}},"oci_database_vm_cluster_recommended_network":{"version":0,"block":{"attributes":{"compartment_id":{"type":"string","description_kind":"plain","required":true},"defined_tags":{"type":["map","string"],"description_kind":"plain","optional":true,"computed":true},"display_name":{"type":"string","description_kind":"plain","required":true},"dns":{"type":["list","string"],"description_kind":"plain","optional":true,"computed":true},"exadata_infrastructure_id":{"type":"string","description_kind":"plain","required":true},"freeform_tags":{"type":["map","string"],"description_kind":"plain","optional":true,"computed":true},"id":{"type":"string","description_kind":"plain","optional":true,"computed":true},"ntp":{"type":["list","string"],"description_kind":"plain","optional":true,"computed":true},"scans":{"type":["list",["object",{"hostname":"string","ips":["list","string"],"port":"number"}]],"description_kind":"plain","computed":true},"vm_networks":{"type":["list",["object",{"domain_name":"string","gateway":"string","netmask":"string","network_type":"string","nodes":["list",["object",{"hostname":"string","ip":"string","vip":"string","vip_hostname":"string"}]],"vlan_id":"string"}]],"description_kind":"plain","computed":true}},"block_types":{"networks":{"nesting_mode":"list","block":{"attributes":{"cidr":{"type":"string","description_kind":"plain","required":true},"domain":{"type":"string","description_kind":"plain","required":true},"gateway":{"type":"string","description_kind":"plain","required":true},"netmask":{"type":"string","description_kind":"plain","required":true},"network_type":{"type":"string","description_kind":"plain","required":true},"prefix":{"type":"string","description_kind":"plain","required":true},"vlan_id":{"type":"string","description_kind":"plain","required":true}},"description_kind":"plain"},"min_items":1}},"description_kind":"plain"}},"oci_database_vm_clusters":{"version":0,"block":{"attributes":{"compartment_id":{"type":"string","description_kind":"plain","required":true},"display_name":{"type":"string","description_kind":"plain","optional":true},"exadata_infrastructure_id":{"type":"string","description_kind":"plain","optional":true},"id":{"type":"string","description_kind":"plain","optional":true,"computed":true},"state":{"type":"string","description_kind":"plain","optional":true},"vm_clusters":{"type":["list",["object",{"compartment_id":"string","cpu_core_count":"number","cpus_enabled":"number","data_storage_size_in_tbs":"number","db_node_storage_size_in_gbs":"number","defined_tags":["map","string"],"display_name":"string","exadata_infrastructure_id":"string","freeform_tags":["map","string"],"gi_version":"string","id":"string","is_local_backup_enabled":"bool","is_sparse_diskgroup_enabled":"bool","last_patch_history_entry_id":"string","license_model":"string","lifecycle_details":"string","memory_size_in_gbs":"number","shape":"string","ssh_public_keys":["list","string"],"state":"string","time_created":"string","time_zone":"string","vm_cluster_network_id":"string"}]],"description_kind":"plain","computed":true}},"block_types":{"filter":{"nesting_mode":"set","block":{"attributes":{"name":{"type":"string","description_kind":"plain","required":true},"regex":{"type":"bool","description_kind":"plain","optional":true},"values":{"type":["list","string"],"description_kind":"plain","required":true}},"description_kind":"plain"}}},"description_kind":"plain"}},"oci_datacatalog_catalog":{"version":0,"block":{"attributes":{"attached_catalog_private_endpoints":{"type":["list","string"],"description_kind":"plain","computed":true},"catalog_id":{"type":"string","description_kind":"plain","required":true},"compartment_id":{"type":"string","description_kind":"plain","computed":true},"defined_tags":{"type":["map","string"],"description_kind":"plain","computed":true},"display_name":{"type":"string","description_kind":"plain","computed":true},"freeform_tags":{"type":["map","string"],"description_kind":"plain","computed":true},"id":{"type":"string","description_kind":"plain","computed":true},"lifecycle_details":{"type":"string","description_kind":"plain","computed":true},"number_of_objects":{"type":"number","description_kind":"plain","computed":true},"service_api_url":{"type":"string","description_kind":"plain","computed":true},"service_console_url":{"type":"string","description_kind":"plain","computed":true},"state":{"type":"string","description_kind":"plain","computed":true},"time_created":{"type":"string","description_kind":"plain","computed":true},"time_updated":{"type":"string","description_kind":"plain","computed":true}},"description_kind":"plain"}},"oci_datacatalog_catalog_private_endpoint":{"version":0,"block":{"attributes":{"attached_catalogs":{"type":["list","string"],"description_kind":"plain","computed":true},"catalog_private_endpoint_id":{"type":"string","description_kind":"plain","required":true},"compartment_id":{"type":"string","description_kind":"plain","computed":true},"defined_tags":{"type":["map","string"],"description_kind":"plain","computed":true},"display_name":{"type":"string","description_kind":"plain","computed":true},"dns_zones":{"type":["list","string"],"description_kind":"plain","computed":true},"freeform_tags":{"type":["map","string"],"description_kind":"plain","computed":true},"id":{"type":"string","description_kind":"plain","computed":true},"lifecycle_details":{"type":"string","description_kind":"plain","computed":true},"state":{"type":"string","description_kind":"plain","computed":true},"subnet_id":{"type":"string","description_kind":"plain","computed":true},"time_created":{"type":"string","description_kind":"plain","computed":true},"time_updated":{"type":"string","description_kind":"plain","computed":true}},"description_kind":"plain"}},"oci_datacatalog_catalog_private_endpoints":{"version":0,"block":{"attributes":{"catalog_private_endpoints":{"type":["list",["object",{"attached_catalogs":["list","string"],"compartment_id":"string","defined_tags":["map","string"],"display_name":"string","dns_zones":["list","string"],"freeform_tags":["map","string"],"id":"string","lifecycle_details":"string","state":"string","subnet_id":"string","time_created":"string","time_updated":"string"}]],"description_kind":"plain","computed":true},"compartment_id":{"type":"string","description_kind":"plain","required":true},"display_name":{"type":"string","description_kind":"plain","optional":true},"id":{"type":"string","description_kind":"plain","optional":true,"computed":true},"state":{"type":"string","description_kind":"plain","optional":true}},"block_types":{"filter":{"nesting_mode":"set","block":{"attributes":{"name":{"type":"string","description_kind":"plain","required":true},"regex":{"type":"bool","description_kind":"plain","optional":true},"values":{"type":["list","string"],"description_kind":"plain","required":true}},"description_kind":"plain"}}},"description_kind":"plain"}},"oci_datacatalog_catalog_type":{"version":0,"block":{"attributes":{"catalog_id":{"type":"string","description_kind":"plain","required":true},"description":{"type":"string","description_kind":"plain","computed":true},"external_type_name":{"type":"string","description_kind":"plain","computed":true},"fields":{"type":["set","string"],"description_kind":"plain","optional":true},"id":{"type":"string","description_kind":"plain","optional":true,"computed":true},"is_approved":{"type":"bool","description_kind":"plain","computed":true},"is_internal":{"type":"bool","description_kind":"plain","computed":true},"is_tag":{"type":"bool","description_kind":"plain","computed":true},"key":{"type":"string","description_kind":"plain","computed":true},"name":{"type":"string","description_kind":"plain","computed":true},"properties":{"type":["map","string"],"description_kind":"plain","computed":true},"state":{"type":"string","description_kind":"plain","computed":true},"type_category":{"type":"string","description_kind":"plain","computed":true},"type_key":{"type":"string","description_kind":"plain","required":true},"uri":{"type":"string","description_kind":"plain","computed":true}},"description_kind":"plain"}},"oci_datacatalog_catalog_types":{"version":0,"block":{"attributes":{"catalog_id":{"type":"string","description_kind":"plain","required":true},"external_type_name":{"type":"string","description_kind":"plain","optional":true},"fields":{"type":["set","string"],"description_kind":"plain","optional":true},"id":{"type":"string","description_kind":"plain","optional":true,"computed":true},"is_approved":{"type":"string","description_kind":"plain","optional":true},"is_internal":{"type":"string","description_kind":"plain","optional":true},"is_tag":{"type":"string","description_kind":"plain","optional":true},"name":{"type":"string","description_kind":"plain","optional":true},"state":{"type":"string","description_kind":"plain","optional":true},"type_category":{"type":"string","description_kind":"plain","optional":true},"type_collection":{"type":["list",["object",{"count":"number","items":["list",["object",{"catalog_id":"string","description":"string","key":"string","name":"string","state":"string","type_category":"string","uri":"string"}]]}]],"description_kind":"plain","computed":true}},"block_types":{"filter":{"nesting_mode":"set","block":{"attributes":{"name":{"type":"string","description_kind":"plain","required":true},"regex":{"type":"bool","description_kind":"plain","optional":true},"values":{"type":["list","string"],"description_kind":"plain","required":true}},"description_kind":"plain"}}},"description_kind":"plain"}},"oci_datacatalog_catalogs":{"version":0,"block":{"attributes":{"catalogs":{"type":["list",["object",{"attached_catalog_private_endpoints":["list","string"],"compartment_id":"string","defined_tags":["map","string"],"display_name":"string","freeform_tags":["map","string"],"id":"string","lifecycle_details":"string","number_of_objects":"number","service_api_url":"string","service_console_url":"string","state":"string","time_created":"string","time_updated":"string"}]],"description_kind":"plain","computed":true},"compartment_id":{"type":"string","description_kind":"plain","required":true},"display_name":{"type":"string","description_kind":"plain","optional":true},"id":{"type":"string","description_kind":"plain","optional":true,"computed":true},"state":{"type":"string","description_kind":"plain","optional":true}},"block_types":{"filter":{"nesting_mode":"set","block":{"attributes":{"name":{"type":"string","description_kind":"plain","required":true},"regex":{"type":"bool","description_kind":"plain","optional":true},"values":{"type":["list","string"],"description_kind":"plain","required":true}},"description_kind":"plain"}}},"description_kind":"plain"}},"oci_datacatalog_connection":{"version":0,"block":{"attributes":{"catalog_id":{"type":"string","description_kind":"plain","required":true},"connection_key":{"type":"string","description_kind":"plain","required":true},"created_by_id":{"type":"string","description_kind":"plain","computed":true},"data_asset_key":{"type":"string","description_kind":"plain","required":true},"description":{"type":"string","description_kind":"plain","computed":true},"display_name":{"type":"string","description_kind":"plain","computed":true},"enc_properties":{"type":["map","string"],"description_kind":"plain","computed":true,"sensitive":true},"external_key":{"type":"string","description_kind":"plain","computed":true},"fields":{"type":["set","string"],"description_kind":"plain","optional":true},"id":{"type":"string","description_kind":"plain","computed":true},"is_default":{"type":"bool","description_kind":"plain","computed":true},"key":{"type":"string","description_kind":"plain","computed":true},"properties":{"type":["map","string"],"description_kind":"plain","computed":true},"state":{"type":"string","description_kind":"plain","computed":true},"time_created":{"type":"string","description_kind":"plain","computed":true},"time_status_updated":{"type":"string","description_kind":"plain","computed":true},"time_updated":{"type":"string","description_kind":"plain","computed":true},"type_key":{"type":"string","description_kind":"plain","computed":true},"updated_by_id":{"type":"string","description_kind":"plain","computed":true},"uri":{"type":"string","description_kind":"plain","computed":true}},"description_kind":"plain"}},"oci_datacatalog_connections":{"version":0,"block":{"attributes":{"catalog_id":{"type":"string","description_kind":"plain","required":true},"connection_collection":{"type":["list",["object",{"count":"number","items":["list",["object",{"catalog_id":"string","created_by_id":"string","data_asset_key":"string","description":"string","display_name":"string","enc_properties":["map","string"],"external_key":"string","is_default":"bool","key":"string","properties":["map","string"],"state":"string","time_created":"string","time_status_updated":"string","time_updated":"string","type_key":"string","updated_by_id":"string","uri":"string"}]]}]],"description_kind":"plain","computed":true},"created_by_id":{"type":"string","description_kind":"plain","optional":true},"data_asset_key":{"type":"string","description_kind":"plain","required":true},"display_name":{"type":"string","description_kind":"plain","optional":true},"display_name_contains":{"type":"string","description_kind":"plain","optional":true},"external_key":{"type":"string","description_kind":"plain","optional":true},"fields":{"type":["set","string"],"description_kind":"plain","optional":true},"id":{"type":"string","description_kind":"plain","optional":true,"computed":true},"is_default":{"type":"bool","description_kind":"plain","optional":true},"state":{"type":"string","description_kind":"plain","optional":true},"time_created":{"type":"string","description_kind":"plain","optional":true},"time_status_updated":{"type":"string","description_kind":"plain","optional":true},"time_updated":{"type":"string","description_kind":"plain","optional":true},"updated_by_id":{"type":"string","description_kind":"plain","optional":true}},"block_types":{"filter":{"nesting_mode":"set","block":{"attributes":{"name":{"type":"string","description_kind":"plain","required":true},"regex":{"type":"bool","description_kind":"plain","optional":true},"values":{"type":["list","string"],"description_kind":"plain","required":true}},"description_kind":"plain"}}},"description_kind":"plain"}},"oci_datacatalog_data_asset":{"version":0,"block":{"attributes":{"catalog_id":{"type":"string","description_kind":"plain","required":true},"created_by_id":{"type":"string","description_kind":"plain","computed":true},"data_asset_key":{"type":"string","description_kind":"plain","required":true},"description":{"type":"string","description_kind":"plain","computed":true},"display_name":{"type":"string","description_kind":"plain","computed":true},"external_key":{"type":"string","description_kind":"plain","computed":true},"fields":{"type":["set","string"],"description_kind":"plain","optional":true},"id":{"type":"string","description_kind":"plain","computed":true},"key":{"type":"string","description_kind":"plain","computed":true},"properties":{"type":["map","string"],"description_kind":"plain","computed":true},"state":{"type":"string","description_kind":"plain","computed":true},"time_created":{"type":"string","description_kind":"plain","computed":true},"time_updated":{"type":"string","description_kind":"plain","computed":true},"type_key":{"type":"string","description_kind":"plain","computed":true},"updated_by_id":{"type":"string","description_kind":"plain","computed":true},"uri":{"type":"string","description_kind":"plain","computed":true}},"description_kind":"plain"}},"oci_datacatalog_data_assets":{"version":0,"block":{"attributes":{"catalog_id":{"type":"string","description_kind":"plain","required":true},"created_by_id":{"type":"string","description_kind":"plain","optional":true},"data_asset_collection":{"type":["list",["object",{"count":"number","items":["list",["object",{"catalog_id":"string","created_by_id":"string","description":"string","display_name":"string","external_key":"string","key":"string","properties":["map","string"],"state":"string","time_created":"string","time_updated":"string","type_key":"string","updated_by_id":"string","uri":"string"}]]}]],"description_kind":"plain","computed":true},"display_name":{"type":"string","description_kind":"plain","optional":true},"display_name_contains":{"type":"string","description_kind":"plain","optional":true},"external_key":{"type":"string","description_kind":"plain","optional":true},"fields":{"type":["set","string"],"description_kind":"plain","optional":true},"id":{"type":"string","description_kind":"plain","optional":true,"computed":true},"state":{"type":"string","description_kind":"plain","optional":true},"type_key":{"type":"string","description_kind":"plain","optional":true}},"block_types":{"filter":{"nesting_mode":"set","block":{"attributes":{"name":{"type":"string","description_kind":"plain","required":true},"regex":{"type":"bool","description_kind":"plain","optional":true},"values":{"type":["list","string"],"description_kind":"plain","required":true}},"description_kind":"plain"}}},"description_kind":"plain"}},"oci_dataflow_application":{"version":0,"block":{"attributes":{"application_id":{"type":"string","description_kind":"plain","required":true},"archive_uri":{"type":"string","description_kind":"plain","computed":true},"arguments":{"type":["list","string"],"description_kind":"plain","computed":true},"class_name":{"type":"string","description_kind":"plain","computed":true},"compartment_id":{"type":"string","description_kind":"plain","computed":true},"configuration":{"type":["map","string"],"description_kind":"plain","computed":true},"defined_tags":{"type":["map","string"],"description_kind":"plain","computed":true},"description":{"type":"string","description_kind":"plain","computed":true},"display_name":{"type":"string","description_kind":"plain","computed":true},"driver_shape":{"type":"string","description_kind":"plain","computed":true},"executor_shape":{"type":"string","description_kind":"plain","computed":true},"file_uri":{"type":"string","description_kind":"plain","computed":true},"freeform_tags":{"type":["map","string"],"description_kind":"plain","computed":true},"id":{"type":"string","description_kind":"plain","computed":true},"language":{"type":"string","description_kind":"plain","computed":true},"logs_bucket_uri":{"type":"string","description_kind":"plain","computed":true},"num_executors":{"type":"number","description_kind":"plain","computed":true},"owner_principal_id":{"type":"string","description_kind":"plain","computed":true},"owner_user_name":{"type":"string","description_kind":"plain","computed":true},"parameters":{"type":["list",["object",{"name":"string","value":"string"}]],"description_kind":"plain","computed":true},"private_endpoint_id":{"type":"string","description_kind":"plain","computed":true},"spark_version":{"type":"string","description_kind":"plain","computed":true},"state":{"type":"string","description_kind":"plain","computed":true},"time_created":{"type":"string","description_kind":"plain","computed":true},"time_updated":{"type":"string","description_kind":"plain","computed":true},"warehouse_bucket_uri":{"type":"string","description_kind":"plain","computed":true}},"description_kind":"plain"}},"oci_dataflow_applications":{"version":0,"block":{"attributes":{"applications":{"type":["list",["object",{"archive_uri":"string","arguments":["list","string"],"class_name":"string","compartment_id":"string","configuration":["map","string"],"defined_tags":["map","string"],"description":"string","display_name":"string","driver_shape":"string","executor_shape":"string","file_uri":"string","freeform_tags":["map","string"],"id":"string","language":"string","logs_bucket_uri":"string","num_executors":"number","owner_principal_id":"string","owner_user_name":"string","parameters":["list",["object",{"name":"string","value":"string"}]],"private_endpoint_id":"string","spark_version":"string","state":"string","time_created":"string","time_updated":"string","warehouse_bucket_uri":"string"}]],"description_kind":"plain","computed":true},"compartment_id":{"type":"string","description_kind":"plain","required":true},"display_name":{"type":"string","description_kind":"plain","optional":true},"display_name_starts_with":{"type":"string","description_kind":"plain","optional":true},"id":{"type":"string","description_kind":"plain","optional":true,"computed":true},"owner_principal_id":{"type":"string","description_kind":"plain","optional":true}},"block_types":{"filter":{"nesting_mode":"set","block":{"attributes":{"name":{"type":"string","description_kind":"plain","required":true},"regex":{"type":"bool","description_kind":"plain","optional":true},"values":{"type":["list","string"],"description_kind":"plain","required":true}},"description_kind":"plain"}}},"description_kind":"plain"}},"oci_dataflow_invoke_run":{"version":0,"block":{"attributes":{"application_id":{"type":"string","description_kind":"plain","computed":true},"archive_uri":{"type":"string","description_kind":"plain","computed":true},"arguments":{"type":["list","string"],"description_kind":"plain","computed":true},"asynchronous":{"type":"bool","description_kind":"plain","computed":true},"class_name":{"type":"string","description_kind":"plain","computed":true},"compartment_id":{"type":"string","description_kind":"plain","computed":true},"configuration":{"type":["map","string"],"description_kind":"plain","computed":true},"data_read_in_bytes":{"type":"string","description_kind":"plain","computed":true},"data_written_in_bytes":{"type":"string","description_kind":"plain","computed":true},"defined_tags":{"type":["map","string"],"description_kind":"plain","computed":true},"display_name":{"type":"string","description_kind":"plain","computed":true},"driver_shape":{"type":"string","description_kind":"plain","computed":true},"executor_shape":{"type":"string","description_kind":"plain","computed":true},"file_uri":{"type":"string","description_kind":"plain","computed":true},"freeform_tags":{"type":["map","string"],"description_kind":"plain","computed":true},"id":{"type":"string","description_kind":"plain","computed":true},"language":{"type":"string","description_kind":"plain","computed":true},"lifecycle_details":{"type":"string","description_kind":"plain","computed":true},"logs_bucket_uri":{"type":"string","description_kind":"plain","computed":true},"num_executors":{"type":"number","description_kind":"plain","computed":true},"opc_request_id":{"type":"string","description_kind":"plain","computed":true},"owner_principal_id":{"type":"string","description_kind":"plain","computed":true},"owner_user_name":{"type":"string","description_kind":"plain","computed":true},"parameters":{"type":["list",["object",{"name":"string","value":"string"}]],"description_kind":"plain","computed":true},"private_endpoint_dns_zones":{"type":["list","string"],"description_kind":"plain","computed":true},"private_endpoint_id":{"type":"string","description_kind":"plain","computed":true},"private_endpoint_max_host_count":{"type":"number","description_kind":"plain","computed":true},"private_endpoint_nsg_ids":{"type":["list","string"],"description_kind":"plain","computed":true},"private_endpoint_subnet_id":{"type":"string","description_kind":"plain","computed":true},"run_duration_in_milliseconds":{"type":"string","description_kind":"plain","computed":true},"run_id":{"type":"string","description_kind":"plain","required":true},"spark_version":{"type":"string","description_kind":"plain","computed":true},"state":{"type":"string","description_kind":"plain","computed":true},"time_created":{"type":"string","description_kind":"plain","computed":true},"time_updated":{"type":"string","description_kind":"plain","computed":true},"total_ocpu":{"type":"number","description_kind":"plain","computed":true},"warehouse_bucket_uri":{"type":"string","description_kind":"plain","computed":true}},"description_kind":"plain"}},"oci_dataflow_invoke_runs":{"version":0,"block":{"attributes":{"application_id":{"type":"string","description_kind":"plain","optional":true},"compartment_id":{"type":"string","description_kind":"plain","required":true},"display_name":{"type":"string","description_kind":"plain","optional":true},"display_name_starts_with":{"type":"string","description_kind":"plain","optional":true},"id":{"type":"string","description_kind":"plain","optional":true,"computed":true},"owner_principal_id":{"type":"string","description_kind":"plain","optional":true},"runs":{"type":["list",["object",{"application_id":"string","archive_uri":"string","arguments":["list","string"],"asynchronous":"bool","class_name":"string","compartment_id":"string","configuration":["map","string"],"data_read_in_bytes":"string","data_written_in_bytes":"string","defined_tags":["map","string"],"display_name":"string","driver_shape":"string","executor_shape":"string","file_uri":"string","freeform_tags":["map","string"],"id":"string","language":"string","lifecycle_details":"string","logs_bucket_uri":"string","num_executors":"number","opc_request_id":"string","owner_principal_id":"string","owner_user_name":"string","parameters":["list",["object",{"name":"string","value":"string"}]],"private_endpoint_dns_zones":["list","string"],"private_endpoint_id":"string","private_endpoint_max_host_count":"number","private_endpoint_nsg_ids":["list","string"],"private_endpoint_subnet_id":"string","run_duration_in_milliseconds":"string","spark_version":"string","state":"string","time_created":"string","time_updated":"string","total_ocpu":"number","warehouse_bucket_uri":"string"}]],"description_kind":"plain","computed":true},"state":{"type":"string","description_kind":"plain","optional":true},"time_created_greater_than":{"type":"string","description_kind":"plain","optional":true}},"block_types":{"filter":{"nesting_mode":"set","block":{"attributes":{"name":{"type":"string","description_kind":"plain","required":true},"regex":{"type":"bool","description_kind":"plain","optional":true},"values":{"type":["list","string"],"description_kind":"plain","required":true}},"description_kind":"plain"}}},"description_kind":"plain"}},"oci_dataflow_private_endpoint":{"version":0,"block":{"attributes":{"compartment_id":{"type":"string","description_kind":"plain","computed":true},"defined_tags":{"type":["map","string"],"description_kind":"plain","computed":true},"description":{"type":"string","description_kind":"plain","computed":true},"display_name":{"type":"string","description_kind":"plain","computed":true},"dns_zones":{"type":["list","string"],"description_kind":"plain","computed":true},"freeform_tags":{"type":["map","string"],"description_kind":"plain","computed":true},"id":{"type":"string","description_kind":"plain","computed":true},"lifecycle_details":{"type":"string","description_kind":"plain","computed":true},"max_host_count":{"type":"number","description_kind":"plain","computed":true},"nsg_ids":{"type":["list","string"],"description_kind":"plain","computed":true},"owner_principal_id":{"type":"string","description_kind":"plain","computed":true},"owner_user_name":{"type":"string","description_kind":"plain","computed":true},"private_endpoint_id":{"type":"string","description_kind":"plain","required":true},"state":{"type":"string","description_kind":"plain","computed":true},"subnet_id":{"type":"string","description_kind":"plain","computed":true},"time_created":{"type":"string","description_kind":"plain","computed":true},"time_updated":{"type":"string","description_kind":"plain","computed":true}},"description_kind":"plain"}},"oci_dataflow_private_endpoints":{"version":0,"block":{"attributes":{"compartment_id":{"type":"string","description_kind":"plain","required":true},"display_name":{"type":"string","description_kind":"plain","optional":true},"display_name_starts_with":{"type":"string","description_kind":"plain","optional":true},"id":{"type":"string","description_kind":"plain","optional":true,"computed":true},"owner_principal_id":{"type":"string","description_kind":"plain","optional":true},"private_endpoint_collection":{"type":["list",["object",{"items":["list",["object",{"compartment_id":"string","defined_tags":["map","string"],"description":"string","display_name":"string","dns_zones":["list","string"],"freeform_tags":["map","string"],"id":"string","lifecycle_details":"string","max_host_count":"number","nsg_ids":["list","string"],"owner_principal_id":"string","owner_user_name":"string","state":"string","subnet_id":"string","time_created":"string","time_updated":"string"}]]}]],"description_kind":"plain","computed":true},"state":{"type":"string","description_kind":"plain","optional":true}},"block_types":{"filter":{"nesting_mode":"set","block":{"attributes":{"name":{"type":"string","description_kind":"plain","required":true},"regex":{"type":"bool","description_kind":"plain","optional":true},"values":{"type":["list","string"],"description_kind":"plain","required":true}},"description_kind":"plain"}}},"description_kind":"plain"}},"oci_dataflow_run_log":{"version":0,"block":{"attributes":{"base64_encode_content":{"type":"bool","description_kind":"plain","optional":true},"content":{"type":"string","description_kind":"plain","computed":true},"content_type":{"type":"string","description_kind":"plain","computed":true},"id":{"type":"string","description_kind":"plain","optional":true,"computed":true},"name":{"type":"string","description_kind":"plain","required":true},"run_id":{"type":"string","description_kind":"plain","required":true}},"description_kind":"plain"}},"oci_dataflow_run_logs":{"version":0,"block":{"attributes":{"id":{"type":"string","description_kind":"plain","optional":true,"computed":true},"run_id":{"type":"string","description_kind":"plain","required":true},"run_logs":{"type":["list",["object",{"name":"string","run_id":"string","size_in_bytes":"string","source":"string","time_created":"string","type":"string"}]],"description_kind":"plain","computed":true}},"block_types":{"filter":{"nesting_mode":"set","block":{"attributes":{"name":{"type":"string","description_kind":"plain","required":true},"regex":{"type":"bool","description_kind":"plain","optional":true},"values":{"type":["list","string"],"description_kind":"plain","required":true}},"description_kind":"plain"}}},"description_kind":"plain"}},"oci_dataintegration_workspace":{"version":0,"block":{"attributes":{"compartment_id":{"type":"string","description_kind":"plain","computed":true},"defined_tags":{"type":["map","string"],"description_kind":"plain","computed":true},"description":{"type":"string","description_kind":"plain","computed":true},"display_name":{"type":"string","description_kind":"plain","computed":true},"dns_server_ip":{"type":"string","description_kind":"plain","computed":true},"dns_server_zone":{"type":"string","description_kind":"plain","computed":true},"freeform_tags":{"type":["map","string"],"description_kind":"plain","computed":true},"id":{"type":"string","description_kind":"plain","computed":true},"is_force_operation":{"type":"bool","description_kind":"plain","computed":true},"is_private_network_enabled":{"type":"bool","description_kind":"plain","computed":true},"quiesce_timeout":{"type":"number","description_kind":"plain","computed":true},"state":{"type":"string","description_kind":"plain","computed":true},"state_message":{"type":"string","description_kind":"plain","computed":true},"subnet_id":{"type":"string","description_kind":"plain","computed":true},"time_created":{"type":"string","description_kind":"plain","computed":true},"time_updated":{"type":"string","description_kind":"plain","computed":true},"vcn_id":{"type":"string","description_kind":"plain","computed":true},"workspace_id":{"type":"string","description_kind":"plain","required":true}},"description_kind":"plain"}},"oci_dataintegration_workspaces":{"version":0,"block":{"attributes":{"compartment_id":{"type":"string","description_kind":"plain","required":true},"id":{"type":"string","description_kind":"plain","optional":true,"computed":true},"name":{"type":"string","description_kind":"plain","optional":true},"state":{"type":"string","description_kind":"plain","optional":true},"workspaces":{"type":["list",["object",{"compartment_id":"string","defined_tags":["map","string"],"description":"string","display_name":"string","dns_server_ip":"string","dns_server_zone":"string","freeform_tags":["map","string"],"id":"string","is_force_operation":"bool","is_private_network_enabled":"bool","quiesce_timeout":"number","state":"string","state_message":"string","subnet_id":"string","time_created":"string","time_updated":"string","vcn_id":"string"}]],"description_kind":"plain","computed":true}},"block_types":{"filter":{"nesting_mode":"set","block":{"attributes":{"name":{"type":"string","description_kind":"plain","required":true},"regex":{"type":"bool","description_kind":"plain","optional":true},"values":{"type":["list","string"],"description_kind":"plain","required":true}},"description_kind":"plain"}}},"description_kind":"plain"}},"oci_datascience_model":{"version":0,"block":{"attributes":{"artifact_content_disposition":{"type":"string","description_kind":"plain","computed":true},"artifact_content_length":{"type":"string","description_kind":"plain","computed":true},"artifact_content_md5":{"type":"string","description_kind":"plain","computed":true},"artifact_last_modified":{"type":"string","description_kind":"plain","computed":true},"compartment_id":{"type":"string","description_kind":"plain","computed":true},"created_by":{"type":"string","description_kind":"plain","computed":true},"defined_tags":{"type":["map","string"],"description_kind":"plain","computed":true},"description":{"type":"string","description_kind":"plain","computed":true},"display_name":{"type":"string","description_kind":"plain","computed":true},"empty_model":{"type":"bool","description_kind":"plain","computed":true},"freeform_tags":{"type":["map","string"],"description_kind":"plain","computed":true},"id":{"type":"string","description_kind":"plain","computed":true},"model_artifact":{"type":"string","description_kind":"plain","computed":true},"model_id":{"type":"string","description_kind":"plain","required":true},"project_id":{"type":"string","description_kind":"plain","computed":true},"state":{"type":"string","description_kind":"plain","computed":true},"time_created":{"type":"string","description_kind":"plain","computed":true}},"description_kind":"plain"}},"oci_datascience_model_provenance":{"version":0,"block":{"attributes":{"git_branch":{"type":"string","description_kind":"plain","computed":true},"git_commit":{"type":"string","description_kind":"plain","computed":true},"id":{"type":"string","description_kind":"plain","computed":true},"model_id":{"type":"string","description_kind":"plain","required":true},"repository_url":{"type":"string","description_kind":"plain","computed":true},"script_dir":{"type":"string","description_kind":"plain","computed":true},"training_script":{"type":"string","description_kind":"plain","computed":true}},"description_kind":"plain"}},"oci_datascience_models":{"version":0,"block":{"attributes":{"compartment_id":{"type":"string","description_kind":"plain","required":true},"created_by":{"type":"string","description_kind":"plain","optional":true},"display_name":{"type":"string","description_kind":"plain","optional":true},"id":{"type":"string","description_kind":"plain","optional":true},"models":{"type":["list",["object",{"artifact_content_disposition":"string","artifact_content_length":"string","artifact_content_md5":"string","artifact_last_modified":"string","compartment_id":"string","created_by":"string","defined_tags":["map","string"],"description":"string","display_name":"string","empty_model":"bool","freeform_tags":["map","string"],"id":"string","model_artifact":"string","project_id":"string","state":"string","time_created":"string"}]],"description_kind":"plain","computed":true},"project_id":{"type":"string","description_kind":"plain","optional":true},"state":{"type":"string","description_kind":"plain","optional":true}},"block_types":{"filter":{"nesting_mode":"set","block":{"attributes":{"name":{"type":"string","description_kind":"plain","required":true},"regex":{"type":"bool","description_kind":"plain","optional":true},"values":{"type":["list","string"],"description_kind":"plain","required":true}},"description_kind":"plain"}}},"description_kind":"plain"}},"oci_datascience_notebook_session":{"version":0,"block":{"attributes":{"compartment_id":{"type":"string","description_kind":"plain","computed":true},"created_by":{"type":"string","description_kind":"plain","computed":true},"defined_tags":{"type":["map","string"],"description_kind":"plain","computed":true},"display_name":{"type":"string","description_kind":"plain","computed":true},"freeform_tags":{"type":["map","string"],"description_kind":"plain","computed":true},"id":{"type":"string","description_kind":"plain","computed":true},"lifecycle_details":{"type":"string","description_kind":"plain","computed":true},"notebook_session_configuration_details":{"type":["list",["object",{"block_storage_size_in_gbs":"number","shape":"string","subnet_id":"string"}]],"description_kind":"plain","computed":true},"notebook_session_id":{"type":"string","description_kind":"plain","required":true},"notebook_session_url":{"type":"string","description_kind":"plain","computed":true},"project_id":{"type":"string","description_kind":"plain","computed":true},"state":{"type":"string","description_kind":"plain","computed":true},"time_created":{"type":"string","description_kind":"plain","computed":true}},"description_kind":"plain"}},"oci_datascience_notebook_session_shapes":{"version":0,"block":{"attributes":{"compartment_id":{"type":"string","description_kind":"plain","required":true},"id":{"type":"string","description_kind":"plain","optional":true,"computed":true},"notebook_session_shapes":{"type":["list",["object",{"core_count":"number","memory_in_gbs":"number","name":"string"}]],"description_kind":"plain","computed":true}},"block_types":{"filter":{"nesting_mode":"set","block":{"attributes":{"name":{"type":"string","description_kind":"plain","required":true},"regex":{"type":"bool","description_kind":"plain","optional":true},"values":{"type":["list","string"],"description_kind":"plain","required":true}},"description_kind":"plain"}}},"description_kind":"plain"}},"oci_datascience_notebook_sessions":{"version":0,"block":{"attributes":{"compartment_id":{"type":"string","description_kind":"plain","required":true},"created_by":{"type":"string","description_kind":"plain","optional":true},"display_name":{"type":"string","description_kind":"plain","optional":true},"id":{"type":"string","description_kind":"plain","optional":true},"notebook_sessions":{"type":["list",["object",{"compartment_id":"string","created_by":"string","defined_tags":["map","string"],"display_name":"string","freeform_tags":["map","string"],"id":"string","lifecycle_details":"string","notebook_session_configuration_details":["list",["object",{"block_storage_size_in_gbs":"number","shape":"string","subnet_id":"string"}]],"notebook_session_url":"string","project_id":"string","state":"string","time_created":"string"}]],"description_kind":"plain","computed":true},"project_id":{"type":"string","description_kind":"plain","optional":true},"state":{"type":"string","description_kind":"plain","optional":true}},"block_types":{"filter":{"nesting_mode":"set","block":{"attributes":{"name":{"type":"string","description_kind":"plain","required":true},"regex":{"type":"bool","description_kind":"plain","optional":true},"values":{"type":["list","string"],"description_kind":"plain","required":true}},"description_kind":"plain"}}},"description_kind":"plain"}},"oci_datascience_project":{"version":0,"block":{"attributes":{"compartment_id":{"type":"string","description_kind":"plain","computed":true},"created_by":{"type":"string","description_kind":"plain","computed":true},"defined_tags":{"type":["map","string"],"description_kind":"plain","computed":true},"description":{"type":"string","description_kind":"plain","computed":true},"display_name":{"type":"string","description_kind":"plain","computed":true},"freeform_tags":{"type":["map","string"],"description_kind":"plain","computed":true},"id":{"type":"string","description_kind":"plain","computed":true},"project_id":{"type":"string","description_kind":"plain","required":true},"state":{"type":"string","description_kind":"plain","computed":true},"time_created":{"type":"string","description_kind":"plain","computed":true}},"description_kind":"plain"}},"oci_datascience_projects":{"version":0,"block":{"attributes":{"compartment_id":{"type":"string","description_kind":"plain","required":true},"created_by":{"type":"string","description_kind":"plain","optional":true},"display_name":{"type":"string","description_kind":"plain","optional":true},"id":{"type":"string","description_kind":"plain","optional":true},"projects":{"type":["list",["object",{"compartment_id":"string","created_by":"string","defined_tags":["map","string"],"description":"string","display_name":"string","freeform_tags":["map","string"],"id":"string","state":"string","time_created":"string"}]],"description_kind":"plain","computed":true},"state":{"type":"string","description_kind":"plain","optional":true}},"block_types":{"filter":{"nesting_mode":"set","block":{"attributes":{"name":{"type":"string","description_kind":"plain","required":true},"regex":{"type":"bool","description_kind":"plain","optional":true},"values":{"type":["list","string"],"description_kind":"plain","required":true}},"description_kind":"plain"}}},"description_kind":"plain"}},"oci_dns_records":{"version":0,"block":{"attributes":{"compartment_id":{"type":"string","description_kind":"plain","optional":true},"domain":{"type":"string","description_kind":"plain","optional":true},"domain_contains":{"type":"string","description_kind":"plain","optional":true},"id":{"type":"string","description_kind":"plain","optional":true,"computed":true},"records":{"type":["list",["object",{"compartment_id":"string","domain":"string","is_protected":"bool","rdata":"string","record_hash":"string","rrset_version":"string","rtype":"string","ttl":"number","zone_name_or_id":"string"}]],"description_kind":"plain","computed":true},"rtype":{"type":"string","description_kind":"plain","optional":true},"sort_by":{"type":"string","description_kind":"plain","optional":true},"sort_order":{"type":"string","description_kind":"plain","optional":true},"zone_name_or_id":{"type":"string","description_kind":"plain","required":true},"zone_version":{"type":"string","description_kind":"plain","optional":true}},"block_types":{"filter":{"nesting_mode":"set","block":{"attributes":{"name":{"type":"string","description_kind":"plain","required":true},"regex":{"type":"bool","description_kind":"plain","optional":true},"values":{"type":["list","string"],"description_kind":"plain","required":true}},"description_kind":"plain"}}},"description_kind":"plain"}},"oci_dns_rrset":{"version":0,"block":{"attributes":{"compartment_id":{"type":"string","description_kind":"plain","optional":true},"domain":{"type":"string","description_kind":"plain","required":true},"id":{"type":"string","description_kind":"plain","computed":true},"items":{"type":["list",["object",{"domain":"string","is_protected":"bool","rdata":"string","record_hash":"string","rrset_version":"string","rtype":"string","ttl":"number"}]],"description_kind":"plain","computed":true},"rtype":{"type":"string","description_kind":"plain","required":true},"zone_name_or_id":{"type":"string","description_kind":"plain","required":true},"zone_version":{"type":"string","description_kind":"plain","optional":true}},"description_kind":"plain"}},"oci_dns_steering_policies":{"version":0,"block":{"attributes":{"compartment_id":{"type":"string","description_kind":"plain","required":true},"display_name":{"type":"string","description_kind":"plain","optional":true},"display_name_contains":{"type":"string","description_kind":"plain","optional":true},"health_check_monitor_id":{"type":"string","description_kind":"plain","optional":true},"id":{"type":"string","description_kind":"plain","optional":true},"state":{"type":"string","description_kind":"plain","optional":true},"steering_policies":{"type":["list",["object",{"answers":["list",["object",{"is_disabled":"bool","name":"string","pool":"string","rdata":"string","rtype":"string"}]],"compartment_id":"string","defined_tags":["map","string"],"display_name":"string","freeform_tags":["map","string"],"health_check_monitor_id":"string","id":"string","rules":["list",["object",{"cases":["list",["object",{"answer_data":["list",["object",{"answer_condition":"string","should_keep":"bool","value":"number"}]],"case_condition":"string","count":"number"}]],"default_answer_data":["list",["object",{"answer_condition":"string","should_keep":"bool","value":"number"}]],"default_count":"number","description":"string","rule_type":"string"}]],"self":"string","state":"string","template":"string","time_created":"string","ttl":"number"}]],"description_kind":"plain","computed":true},"template":{"type":"string","description_kind":"plain","optional":true},"time_created_greater_than_or_equal_to":{"type":"string","description_kind":"plain","optional":true},"time_created_less_than":{"type":"string","description_kind":"plain","optional":true}},"block_types":{"filter":{"nesting_mode":"set","block":{"attributes":{"name":{"type":"string","description_kind":"plain","required":true},"regex":{"type":"bool","description_kind":"plain","optional":true},"values":{"type":["list","string"],"description_kind":"plain","required":true}},"description_kind":"plain"}}},"description_kind":"plain"}},"oci_dns_steering_policy":{"version":0,"block":{"attributes":{"answers":{"type":["list",["object",{"is_disabled":"bool","name":"string","pool":"string","rdata":"string","rtype":"string"}]],"description_kind":"plain","computed":true},"compartment_id":{"type":"string","description_kind":"plain","computed":true},"defined_tags":{"type":["map","string"],"description_kind":"plain","computed":true},"display_name":{"type":"string","description_kind":"plain","computed":true},"freeform_tags":{"type":["map","string"],"description_kind":"plain","computed":true},"health_check_monitor_id":{"type":"string","description_kind":"plain","computed":true},"id":{"type":"string","description_kind":"plain","computed":true},"rules":{"type":["list",["object",{"cases":["list",["object",{"answer_data":["list",["object",{"answer_condition":"string","should_keep":"bool","value":"number"}]],"case_condition":"string","count":"number"}]],"default_answer_data":["list",["object",{"answer_condition":"string","should_keep":"bool","value":"number"}]],"default_count":"number","description":"string","rule_type":"string"}]],"description_kind":"plain","computed":true},"self":{"type":"string","description_kind":"plain","computed":true},"state":{"type":"string","description_kind":"plain","computed":true},"steering_policy_id":{"type":"string","description_kind":"plain","required":true},"template":{"type":"string","description_kind":"plain","computed":true},"time_created":{"type":"string","description_kind":"plain","computed":true},"ttl":{"type":"number","description_kind":"plain","computed":true}},"description_kind":"plain"}},"oci_dns_steering_policy_attachment":{"version":0,"block":{"attributes":{"compartment_id":{"type":"string","description_kind":"plain","computed":true},"display_name":{"type":"string","description_kind":"plain","computed":true},"domain_name":{"type":"string","description_kind":"plain","computed":true},"id":{"type":"string","description_kind":"plain","computed":true},"rtypes":{"type":["list","string"],"description_kind":"plain","computed":true},"self":{"type":"string","description_kind":"plain","computed":true},"state":{"type":"string","description_kind":"plain","computed":true},"steering_policy_attachment_id":{"type":"string","description_kind":"plain","required":true},"steering_policy_id":{"type":"string","description_kind":"plain","computed":true},"time_created":{"type":"string","description_kind":"plain","computed":true},"zone_id":{"type":"string","description_kind":"plain","computed":true}},"description_kind":"plain"}},"oci_dns_steering_policy_attachments":{"version":0,"block":{"attributes":{"compartment_id":{"type":"string","description_kind":"plain","required":true},"display_name":{"type":"string","description_kind":"plain","optional":true},"domain":{"type":"string","description_kind":"plain","optional":true},"domain_contains":{"type":"string","description_kind":"plain","optional":true},"id":{"type":"string","description_kind":"plain","optional":true},"state":{"type":"string","description_kind":"plain","optional":true},"steering_policy_attachments":{"type":["list",["object",{"compartment_id":"string","display_name":"string","domain_name":"string","id":"string","rtypes":["list","string"],"self":"string","state":"string","steering_policy_id":"string","time_created":"string","zone_id":"string"}]],"description_kind":"plain","computed":true},"steering_policy_id":{"type":"string","description_kind":"plain","optional":true},"time_created_greater_than_or_equal_to":{"type":"string","description_kind":"plain","optional":true},"time_created_less_than":{"type":"string","description_kind":"plain","optional":true},"zone_id":{"type":"string","description_kind":"plain","optional":true}},"block_types":{"filter":{"nesting_mode":"set","block":{"attributes":{"name":{"type":"string","description_kind":"plain","required":true},"regex":{"type":"bool","description_kind":"plain","optional":true},"values":{"type":["list","string"],"description_kind":"plain","required":true}},"description_kind":"plain"}}},"description_kind":"plain"}},"oci_dns_tsig_key":{"version":0,"block":{"attributes":{"algorithm":{"type":"string","description_kind":"plain","computed":true},"compartment_id":{"type":"string","description_kind":"plain","computed":true},"defined_tags":{"type":["map","string"],"description_kind":"plain","computed":true},"freeform_tags":{"type":["map","string"],"description_kind":"plain","computed":true},"id":{"type":"string","description_kind":"plain","computed":true},"name":{"type":"string","description_kind":"plain","computed":true},"secret":{"type":"string","description_kind":"plain","computed":true,"sensitive":true},"self":{"type":"string","description_kind":"plain","computed":true},"state":{"type":"string","description_kind":"plain","computed":true},"time_created":{"type":"string","description_kind":"plain","computed":true},"time_updated":{"type":"string","description_kind":"plain","computed":true},"tsig_key_id":{"type":"string","description_kind":"plain","required":true}},"description_kind":"plain"}},"oci_dns_tsig_keys":{"version":0,"block":{"attributes":{"compartment_id":{"type":"string","description_kind":"plain","required":true},"id":{"type":"string","description_kind":"plain","optional":true},"name":{"type":"string","description_kind":"plain","optional":true},"state":{"type":"string","description_kind":"plain","optional":true},"tsig_keys":{"type":["list",["object",{"algorithm":"string","compartment_id":"string","defined_tags":["map","string"],"freeform_tags":["map","string"],"id":"string","name":"string","secret":"string","self":"string","state":"string","time_created":"string","time_updated":"string"}]],"description_kind":"plain","computed":true}},"block_types":{"filter":{"nesting_mode":"set","block":{"attributes":{"name":{"type":"string","description_kind":"plain","required":true},"regex":{"type":"bool","description_kind":"plain","optional":true},"values":{"type":["list","string"],"description_kind":"plain","required":true}},"description_kind":"plain"}}},"description_kind":"plain"}},"oci_dns_zones":{"version":0,"block":{"attributes":{"compartment_id":{"type":"string","description_kind":"plain","required":true},"id":{"type":"string","description_kind":"plain","optional":true,"computed":true},"name":{"type":"string","description_kind":"plain","optional":true},"name_contains":{"type":"string","description_kind":"plain","optional":true},"sort_by":{"type":"string","description_kind":"plain","optional":true},"sort_order":{"type":"string","description_kind":"plain","optional":true},"state":{"type":"string","description_kind":"plain","optional":true},"time_created_greater_than_or_equal_to":{"type":"string","description_kind":"plain","optional":true},"time_created_less_than":{"type":"string","description_kind":"plain","optional":true},"zone_type":{"type":"string","description_kind":"plain","optional":true},"zones":{"type":["list",["object",{"compartment_id":"string","defined_tags":["map","string"],"external_masters":["list",["object",{"address":"string","port":"number","tsig":["list",["object",{"algorithm":"string","name":"string","secret":"string"}]],"tsig_key_id":"string"}]],"freeform_tags":["map","string"],"id":"string","name":"string","nameservers":["list",["object",{"hostname":"string"}]],"self":"string","serial":"number","state":"string","time_created":"string","version":"string","zone_type":"string"}]],"description_kind":"plain","computed":true}},"block_types":{"filter":{"nesting_mode":"set","block":{"attributes":{"name":{"type":"string","description_kind":"plain","required":true},"regex":{"type":"bool","description_kind":"plain","optional":true},"values":{"type":["list","string"],"description_kind":"plain","required":true}},"description_kind":"plain"}}},"description_kind":"plain"}},"oci_email_sender":{"version":0,"block":{"attributes":{"compartment_id":{"type":"string","description_kind":"plain","computed":true},"defined_tags":{"type":["map","string"],"description_kind":"plain","computed":true},"email_address":{"type":"string","description_kind":"plain","computed":true},"freeform_tags":{"type":["map","string"],"description_kind":"plain","computed":true},"id":{"type":"string","description_kind":"plain","computed":true},"is_spf":{"type":"bool","description_kind":"plain","computed":true},"sender_id":{"type":"string","description_kind":"plain","required":true},"state":{"type":"string","description_kind":"plain","computed":true},"time_created":{"type":"string","description_kind":"plain","computed":true}},"description_kind":"plain"}},"oci_email_senders":{"version":0,"block":{"attributes":{"compartment_id":{"type":"string","description_kind":"plain","required":true},"email_address":{"type":"string","description_kind":"plain","optional":true},"id":{"type":"string","description_kind":"plain","optional":true,"computed":true},"senders":{"type":["list",["object",{"compartment_id":"string","defined_tags":["map","string"],"email_address":"string","freeform_tags":["map","string"],"id":"string","is_spf":"bool","state":"string","time_created":"string"}]],"description_kind":"plain","computed":true},"state":{"type":"string","description_kind":"plain","optional":true}},"block_types":{"filter":{"nesting_mode":"set","block":{"attributes":{"name":{"type":"string","description_kind":"plain","required":true},"regex":{"type":"bool","description_kind":"plain","optional":true},"values":{"type":["list","string"],"description_kind":"plain","required":true}},"description_kind":"plain"}}},"description_kind":"plain"}},"oci_email_suppression":{"version":0,"block":{"attributes":{"compartment_id":{"type":"string","description_kind":"plain","computed":true},"email_address":{"type":"string","description_kind":"plain","computed":true},"id":{"type":"string","description_kind":"plain","computed":true},"reason":{"type":"string","description_kind":"plain","computed":true},"suppression_id":{"type":"string","description_kind":"plain","required":true},"time_created":{"type":"string","description_kind":"plain","computed":true}},"description_kind":"plain"}},"oci_email_suppressions":{"version":0,"block":{"attributes":{"compartment_id":{"type":"string","description_kind":"plain","required":true},"email_address":{"type":"string","description_kind":"plain","optional":true},"id":{"type":"string","description_kind":"plain","optional":true,"computed":true},"suppressions":{"type":["list",["object",{"compartment_id":"string","email_address":"string","id":"string","reason":"string","time_created":"string"}]],"description_kind":"plain","computed":true},"time_created_greater_than_or_equal_to":{"type":"string","description_kind":"plain","optional":true},"time_created_less_than":{"type":"string","description_kind":"plain","optional":true}},"block_types":{"filter":{"nesting_mode":"set","block":{"attributes":{"name":{"type":"string","description_kind":"plain","required":true},"regex":{"type":"bool","description_kind":"plain","optional":true},"values":{"type":["list","string"],"description_kind":"plain","required":true}},"description_kind":"plain"}}},"description_kind":"plain"}},"oci_events_rule":{"version":0,"block":{"attributes":{"actions":{"type":["list",["object",{"actions":["list",["object",{"action_type":"string","description":"string","function_id":"string","id":"string","is_enabled":"bool","lifecycle_message":"string","state":"string","stream_id":"string","topic_id":"string"}]]}]],"description_kind":"plain","computed":true},"compartment_id":{"type":"string","description_kind":"plain","computed":true},"condition":{"type":"string","description_kind":"plain","computed":true},"defined_tags":{"type":["map","string"],"description_kind":"plain","computed":true},"description":{"type":"string","description_kind":"plain","computed":true},"display_name":{"type":"string","description_kind":"plain","computed":true},"freeform_tags":{"type":["map","string"],"description_kind":"plain","computed":true},"id":{"type":"string","description_kind":"plain","computed":true},"is_enabled":{"type":"bool","description_kind":"plain","computed":true},"lifecycle_message":{"type":"string","description_kind":"plain","computed":true},"rule_id":{"type":"string","description_kind":"plain","required":true},"state":{"type":"string","description_kind":"plain","computed":true},"time_created":{"type":"string","description_kind":"plain","computed":true}},"description_kind":"plain"}},"oci_events_rules":{"version":0,"block":{"attributes":{"compartment_id":{"type":"string","description_kind":"plain","required":true},"display_name":{"type":"string","description_kind":"plain","optional":true},"id":{"type":"string","description_kind":"plain","optional":true,"computed":true},"rules":{"type":["list",["object",{"actions":["list",["object",{"actions":["list",["object",{"action_type":"string","description":"string","function_id":"string","id":"string","is_enabled":"bool","lifecycle_message":"string","state":"string","stream_id":"string","topic_id":"string"}]]}]],"compartment_id":"string","condition":"string","defined_tags":["map","string"],"description":"string","display_name":"string","freeform_tags":["map","string"],"id":"string","is_enabled":"bool","lifecycle_message":"string","state":"string","time_created":"string"}]],"description_kind":"plain","computed":true},"state":{"type":"string","description_kind":"plain","optional":true}},"block_types":{"filter":{"nesting_mode":"set","block":{"attributes":{"name":{"type":"string","description_kind":"plain","required":true},"regex":{"type":"bool","description_kind":"plain","optional":true},"values":{"type":["list","string"],"description_kind":"plain","required":true}},"description_kind":"plain"}}},"description_kind":"plain"}},"oci_file_storage_export_sets":{"version":0,"block":{"attributes":{"availability_domain":{"type":"string","description_kind":"plain","required":true},"compartment_id":{"type":"string","description_kind":"plain","required":true},"display_name":{"type":"string","description_kind":"plain","optional":true},"export_sets":{"type":["list",["object",{"availability_domain":"string","compartment_id":"string","display_name":"string","id":"string","max_fs_stat_bytes":"string","max_fs_stat_files":"string","mount_target_id":"string","state":"string","time_created":"string","vcn_id":"string"}]],"description_kind":"plain","computed":true},"id":{"type":"string","description_kind":"plain","optional":true},"state":{"type":"string","description_kind":"plain","optional":true}},"block_types":{"filter":{"nesting_mode":"set","block":{"attributes":{"name":{"type":"string","description_kind":"plain","required":true},"regex":{"type":"bool","description_kind":"plain","optional":true},"values":{"type":["list","string"],"description_kind":"plain","required":true}},"description_kind":"plain"}}},"description_kind":"plain"}},"oci_file_storage_exports":{"version":0,"block":{"attributes":{"compartment_id":{"type":"string","description_kind":"plain","optional":true},"export_set_id":{"type":"string","description_kind":"plain","optional":true},"exports":{"type":["list",["object",{"export_options":["list",["object",{"access":"string","anonymous_gid":"string","anonymous_uid":"string","identity_squash":"string","require_privileged_source_port":"bool","source":"string"}]],"export_set_id":"string","file_system_id":"string","id":"string","path":"string","state":"string","time_created":"string"}]],"description_kind":"plain","computed":true},"file_system_id":{"type":"string","description_kind":"plain","optional":true},"id":{"type":"string","description_kind":"plain","optional":true},"state":{"type":"string","description_kind":"plain","optional":true}},"block_types":{"filter":{"nesting_mode":"set","block":{"attributes":{"name":{"type":"string","description_kind":"plain","required":true},"regex":{"type":"bool","description_kind":"plain","optional":true},"values":{"type":["list","string"],"description_kind":"plain","required":true}},"description_kind":"plain"}}},"description_kind":"plain"}},"oci_file_storage_file_systems":{"version":0,"block":{"attributes":{"availability_domain":{"type":"string","description_kind":"plain","required":true},"compartment_id":{"type":"string","description_kind":"plain","required":true},"display_name":{"type":"string","description_kind":"plain","optional":true},"file_systems":{"type":["list",["object",{"availability_domain":"string","compartment_id":"string","defined_tags":["map","string"],"display_name":"string","freeform_tags":["map","string"],"id":"string","kms_key_id":"string","metered_bytes":"string","state":"string","time_created":"string"}]],"description_kind":"plain","computed":true},"id":{"type":"string","description_kind":"plain","optional":true},"state":{"type":"string","description_kind":"plain","optional":true}},"block_types":{"filter":{"nesting_mode":"set","block":{"attributes":{"name":{"type":"string","description_kind":"plain","required":true},"regex":{"type":"bool","description_kind":"plain","optional":true},"values":{"type":["list","string"],"description_kind":"plain","required":true}},"description_kind":"plain"}}},"description_kind":"plain"}},"oci_file_storage_mount_targets":{"version":0,"block":{"attributes":{"availability_domain":{"type":"string","description_kind":"plain","required":true},"compartment_id":{"type":"string","description_kind":"plain","required":true},"display_name":{"type":"string","description_kind":"plain","optional":true},"export_set_id":{"type":"string","description_kind":"plain","optional":true},"id":{"type":"string","description_kind":"plain","optional":true},"mount_targets":{"type":["list",["object",{"availability_domain":"string","compartment_id":"string","defined_tags":["map","string"],"display_name":"string","export_set_id":"string","freeform_tags":["map","string"],"hostname_label":"string","id":"string","ip_address":"string","lifecycle_details":"string","nsg_ids":["list","string"],"private_ip_ids":["list","string"],"state":"string","subnet_id":"string","time_created":"string"}]],"description_kind":"plain","computed":true},"state":{"type":"string","description_kind":"plain","optional":true}},"block_types":{"filter":{"nesting_mode":"set","block":{"attributes":{"name":{"type":"string","description_kind":"plain","required":true},"regex":{"type":"bool","description_kind":"plain","optional":true},"values":{"type":["list","string"],"description_kind":"plain","required":true}},"description_kind":"plain"}}},"description_kind":"plain"}},"oci_file_storage_snapshot":{"version":0,"block":{"attributes":{"defined_tags":{"type":["map","string"],"description_kind":"plain","computed":true},"file_system_id":{"type":"string","description_kind":"plain","computed":true},"freeform_tags":{"type":["map","string"],"description_kind":"plain","computed":true},"id":{"type":"string","description_kind":"plain","computed":true},"name":{"type":"string","description_kind":"plain","computed":true},"snapshot_id":{"type":"string","description_kind":"plain","required":true},"state":{"type":"string","description_kind":"plain","computed":true},"time_created":{"type":"string","description_kind":"plain","computed":true}},"description_kind":"plain"}},"oci_file_storage_snapshots":{"version":0,"block":{"attributes":{"file_system_id":{"type":"string","description_kind":"plain","required":true},"id":{"type":"string","description_kind":"plain","optional":true},"snapshots":{"type":["list",["object",{"defined_tags":["map","string"],"file_system_id":"string","freeform_tags":["map","string"],"id":"string","name":"string","state":"string","time_created":"string"}]],"description_kind":"plain","computed":true},"state":{"type":"string","description_kind":"plain","optional":true}},"block_types":{"filter":{"nesting_mode":"set","block":{"attributes":{"name":{"type":"string","description_kind":"plain","required":true},"regex":{"type":"bool","description_kind":"plain","optional":true},"values":{"type":["list","string"],"description_kind":"plain","required":true}},"description_kind":"plain"}}},"description_kind":"plain"}},"oci_functions_application":{"version":0,"block":{"attributes":{"application_id":{"type":"string","description_kind":"plain","required":true},"compartment_id":{"type":"string","description_kind":"plain","computed":true},"config":{"type":["map","string"],"description_kind":"plain","computed":true},"defined_tags":{"type":["map","string"],"description_kind":"plain","computed":true},"display_name":{"type":"string","description_kind":"plain","computed":true},"freeform_tags":{"type":["map","string"],"description_kind":"plain","computed":true},"id":{"type":"string","description_kind":"plain","computed":true},"state":{"type":"string","description_kind":"plain","computed":true},"subnet_ids":{"type":["list","string"],"description_kind":"plain","computed":true},"time_created":{"type":"string","description_kind":"plain","computed":true},"time_updated":{"type":"string","description_kind":"plain","computed":true}},"description_kind":"plain"}},"oci_functions_applications":{"version":0,"block":{"attributes":{"applications":{"type":["list",["object",{"compartment_id":"string","config":["map","string"],"defined_tags":["map","string"],"display_name":"string","freeform_tags":["map","string"],"id":"string","state":"string","subnet_ids":["list","string"],"time_created":"string","time_updated":"string"}]],"description_kind":"plain","computed":true},"compartment_id":{"type":"string","description_kind":"plain","required":true},"display_name":{"type":"string","description_kind":"plain","optional":true},"id":{"type":"string","description_kind":"plain","optional":true},"state":{"type":"string","description_kind":"plain","optional":true}},"block_types":{"filter":{"nesting_mode":"set","block":{"attributes":{"name":{"type":"string","description_kind":"plain","required":true},"regex":{"type":"bool","description_kind":"plain","optional":true},"values":{"type":["list","string"],"description_kind":"plain","required":true}},"description_kind":"plain"}}},"description_kind":"plain"}},"oci_functions_function":{"version":0,"block":{"attributes":{"application_id":{"type":"string","description_kind":"plain","computed":true},"compartment_id":{"type":"string","description_kind":"plain","computed":true},"config":{"type":["map","string"],"description_kind":"plain","computed":true},"defined_tags":{"type":["map","string"],"description_kind":"plain","computed":true},"display_name":{"type":"string","description_kind":"plain","computed":true},"freeform_tags":{"type":["map","string"],"description_kind":"plain","computed":true},"function_id":{"type":"string","description_kind":"plain","required":true},"id":{"type":"string","description_kind":"plain","computed":true},"image":{"type":"string","description_kind":"plain","computed":true},"image_digest":{"type":"string","description_kind":"plain","computed":true},"invoke_endpoint":{"type":"string","description_kind":"plain","computed":true},"memory_in_mbs":{"type":"string","description_kind":"plain","computed":true},"state":{"type":"string","description_kind":"plain","computed":true},"time_created":{"type":"string","description_kind":"plain","computed":true},"time_updated":{"type":"string","description_kind":"plain","computed":true},"timeout_in_seconds":{"type":"number","description_kind":"plain","computed":true}},"description_kind":"plain"}},"oci_functions_functions":{"version":0,"block":{"attributes":{"application_id":{"type":"string","description_kind":"plain","required":true},"display_name":{"type":"string","description_kind":"plain","optional":true},"functions":{"type":["list",["object",{"application_id":"string","compartment_id":"string","config":["map","string"],"defined_tags":["map","string"],"display_name":"string","freeform_tags":["map","string"],"id":"string","image":"string","image_digest":"string","invoke_endpoint":"string","memory_in_mbs":"string","state":"string","time_created":"string","time_updated":"string","timeout_in_seconds":"number"}]],"description_kind":"plain","computed":true},"id":{"type":"string","description_kind":"plain","optional":true},"state":{"type":"string","description_kind":"plain","optional":true}},"block_types":{"filter":{"nesting_mode":"set","block":{"attributes":{"name":{"type":"string","description_kind":"plain","required":true},"regex":{"type":"bool","description_kind":"plain","optional":true},"values":{"type":["list","string"],"description_kind":"plain","required":true}},"description_kind":"plain"}}},"description_kind":"plain"}},"oci_health_checks_http_monitor":{"version":0,"block":{"attributes":{"compartment_id":{"type":"string","description_kind":"plain","computed":true},"defined_tags":{"type":["map","string"],"description_kind":"plain","computed":true},"display_name":{"type":"string","description_kind":"plain","computed":true},"freeform_tags":{"type":["map","string"],"description_kind":"plain","computed":true},"headers":{"type":["map","string"],"description_kind":"plain","computed":true},"home_region":{"type":"string","description_kind":"plain","computed":true},"id":{"type":"string","description_kind":"plain","computed":true},"interval_in_seconds":{"type":"number","description_kind":"plain","computed":true},"is_enabled":{"type":"bool","description_kind":"plain","computed":true},"method":{"type":"string","description_kind":"plain","computed":true},"monitor_id":{"type":"string","description_kind":"plain","required":true},"path":{"type":"string","description_kind":"plain","computed":true},"port":{"type":"number","description_kind":"plain","computed":true},"protocol":{"type":"string","description_kind":"plain","computed":true},"results_url":{"type":"string","description_kind":"plain","computed":true},"targets":{"type":["list","string"],"description_kind":"plain","computed":true},"time_created":{"type":"string","description_kind":"plain","computed":true},"timeout_in_seconds":{"type":"number","description_kind":"plain","computed":true},"vantage_point_names":{"type":["list","string"],"description_kind":"plain","computed":true}},"description_kind":"plain"}},"oci_health_checks_http_monitors":{"version":0,"block":{"attributes":{"compartment_id":{"type":"string","description_kind":"plain","required":true},"display_name":{"type":"string","description_kind":"plain","optional":true},"home_region":{"type":"string","description_kind":"plain","optional":true},"http_monitors":{"type":["list",["object",{"compartment_id":"string","defined_tags":["map","string"],"display_name":"string","freeform_tags":["map","string"],"headers":["map","string"],"home_region":"string","id":"string","interval_in_seconds":"number","is_enabled":"bool","method":"string","path":"string","port":"number","protocol":"string","results_url":"string","targets":["list","string"],"time_created":"string","timeout_in_seconds":"number","vantage_point_names":["list","string"]}]],"description_kind":"plain","computed":true},"id":{"type":"string","description_kind":"plain","optional":true,"computed":true}},"block_types":{"filter":{"nesting_mode":"set","block":{"attributes":{"name":{"type":"string","description_kind":"plain","required":true},"regex":{"type":"bool","description_kind":"plain","optional":true},"values":{"type":["list","string"],"description_kind":"plain","required":true}},"description_kind":"plain"}}},"description_kind":"plain"}},"oci_health_checks_http_probe_results":{"version":0,"block":{"attributes":{"http_probe_results":{"type":["list",["object",{"connect_end":"number","connect_start":"number","connection":["list",["object",{"address":"string","connect_duration":"number","port":"number","secure_connect_duration":"number"}]],"dns":["list",["object",{"addresses":["list","string"],"domain_lookup_duration":"number"}]],"domain_lookup_end":"number","domain_lookup_start":"number","duration":"number","encoded_body_size":"number","error_category":"string","error_message":"string","fetch_start":"number","is_healthy":"bool","is_timed_out":"bool","key":"string","probe_configuration_id":"string","protocol":"string","request_start":"number","response_end":"number","response_start":"number","secure_connection_start":"number","start_time":"number","status_code":"number","target":"string","vantage_point_name":"string"}]],"description_kind":"plain","computed":true},"id":{"type":"string","description_kind":"plain","optional":true,"computed":true},"probe_configuration_id":{"type":"string","description_kind":"plain","required":true},"start_time_greater_than_or_equal_to":{"type":"number","description_kind":"plain","optional":true},"start_time_less_than_or_equal_to":{"type":"number","description_kind":"plain","optional":true},"target":{"type":"string","description_kind":"plain","optional":true}},"block_types":{"filter":{"nesting_mode":"set","block":{"attributes":{"name":{"type":"string","description_kind":"plain","required":true},"regex":{"type":"bool","description_kind":"plain","optional":true},"values":{"type":["list","string"],"description_kind":"plain","required":true}},"description_kind":"plain"}}},"description_kind":"plain"}},"oci_health_checks_ping_monitor":{"version":0,"block":{"attributes":{"compartment_id":{"type":"string","description_kind":"plain","computed":true},"defined_tags":{"type":["map","string"],"description_kind":"plain","computed":true},"display_name":{"type":"string","description_kind":"plain","computed":true},"freeform_tags":{"type":["map","string"],"description_kind":"plain","computed":true},"home_region":{"type":"string","description_kind":"plain","computed":true},"id":{"type":"string","description_kind":"plain","computed":true},"interval_in_seconds":{"type":"number","description_kind":"plain","computed":true},"is_enabled":{"type":"bool","description_kind":"plain","computed":true},"monitor_id":{"type":"string","description_kind":"plain","required":true},"port":{"type":"number","description_kind":"plain","computed":true},"protocol":{"type":"string","description_kind":"plain","computed":true},"results_url":{"type":"string","description_kind":"plain","computed":true},"targets":{"type":["list","string"],"description_kind":"plain","computed":true},"time_created":{"type":"string","description_kind":"plain","computed":true},"timeout_in_seconds":{"type":"number","description_kind":"plain","computed":true},"vantage_point_names":{"type":["list","string"],"description_kind":"plain","computed":true}},"description_kind":"plain"}},"oci_health_checks_ping_monitors":{"version":0,"block":{"attributes":{"compartment_id":{"type":"string","description_kind":"plain","required":true},"display_name":{"type":"string","description_kind":"plain","optional":true},"home_region":{"type":"string","description_kind":"plain","optional":true},"id":{"type":"string","description_kind":"plain","optional":true,"computed":true},"ping_monitors":{"type":["list",["object",{"compartment_id":"string","defined_tags":["map","string"],"display_name":"string","freeform_tags":["map","string"],"home_region":"string","id":"string","interval_in_seconds":"number","is_enabled":"bool","port":"number","protocol":"string","results_url":"string","targets":["list","string"],"time_created":"string","timeout_in_seconds":"number","vantage_point_names":["list","string"]}]],"description_kind":"plain","computed":true}},"block_types":{"filter":{"nesting_mode":"set","block":{"attributes":{"name":{"type":"string","description_kind":"plain","required":true},"regex":{"type":"bool","description_kind":"plain","optional":true},"values":{"type":["list","string"],"description_kind":"plain","required":true}},"description_kind":"plain"}}},"description_kind":"plain"}},"oci_health_checks_ping_probe_results":{"version":0,"block":{"attributes":{"id":{"type":"string","description_kind":"plain","optional":true,"computed":true},"ping_probe_results":{"type":["list",["object",{"connection":["list",["object",{"address":"string","port":"number"}]],"dns":["list",["object",{"addresses":["list","string"],"domain_lookup_duration":"number"}]],"domain_lookup_end":"number","domain_lookup_start":"number","error_category":"string","error_message":"string","icmp_code":"number","is_healthy":"bool","is_timed_out":"bool","key":"string","latency_in_ms":"number","probe_configuration_id":"string","protocol":"string","start_time":"number","target":"string","vantage_point_name":"string"}]],"description_kind":"plain","computed":true},"probe_configuration_id":{"type":"string","description_kind":"plain","required":true},"start_time_greater_than_or_equal_to":{"type":"number","description_kind":"plain","optional":true},"start_time_less_than_or_equal_to":{"type":"number","description_kind":"plain","optional":true},"target":{"type":"string","description_kind":"plain","optional":true}},"block_types":{"filter":{"nesting_mode":"set","block":{"attributes":{"name":{"type":"string","description_kind":"plain","required":true},"regex":{"type":"bool","description_kind":"plain","optional":true},"values":{"type":["list","string"],"description_kind":"plain","required":true}},"description_kind":"plain"}}},"description_kind":"plain"}},"oci_health_checks_vantage_points":{"version":0,"block":{"attributes":{"display_name":{"type":"string","description_kind":"plain","optional":true},"health_checks_vantage_points":{"type":["list",["object",{"display_name":"string","geo":["list",["object",{"admin_div_code":"string","city_name":"string","country_code":"string","country_name":"string","geo_key":"string","latitude":"number","longitude":"number"}]],"name":"string","provider_name":"string","routing":["list",["object",{"as_label":"string","asn":"number","prefix":"string","weight":"number"}]]}]],"description_kind":"plain","computed":true},"id":{"type":"string","description_kind":"plain","optional":true,"computed":true},"name":{"type":"string","description_kind":"plain","optional":true}},"block_types":{"filter":{"nesting_mode":"set","block":{"attributes":{"name":{"type":"string","description_kind":"plain","required":true},"regex":{"type":"bool","description_kind":"plain","optional":true},"values":{"type":["list","string"],"description_kind":"plain","required":true}},"description_kind":"plain"}}},"description_kind":"plain"}},"oci_identity_api_keys":{"version":0,"block":{"attributes":{"api_keys":{"type":["list",["object",{"fingerprint":"string","id":"string","inactive_status":"string","key_value":"string","state":"string","time_created":"string","user_id":"string"}]],"description_kind":"plain","computed":true},"id":{"type":"string","description_kind":"plain","optional":true,"computed":true},"user_id":{"type":"string","description_kind":"plain","required":true}},"block_types":{"filter":{"nesting_mode":"set","block":{"attributes":{"name":{"type":"string","description_kind":"plain","required":true},"regex":{"type":"bool","description_kind":"plain","optional":true},"values":{"type":["list","string"],"description_kind":"plain","required":true}},"description_kind":"plain"}}},"description_kind":"plain"}},"oci_identity_auth_tokens":{"version":0,"block":{"attributes":{"id":{"type":"string","description_kind":"plain","optional":true,"computed":true},"tokens":{"type":["list",["object",{"description":"string","id":"string","inactive_state":"string","state":"string","time_created":"string","time_expires":"string","token":"string","user_id":"string"}]],"description_kind":"plain","computed":true},"user_id":{"type":"string","description_kind":"plain","required":true}},"block_types":{"filter":{"nesting_mode":"set","block":{"attributes":{"name":{"type":"string","description_kind":"plain","required":true},"regex":{"type":"bool","description_kind":"plain","optional":true},"values":{"type":["list","string"],"description_kind":"plain","required":true}},"description_kind":"plain"}}},"description_kind":"plain"}},"oci_identity_authentication_policy":{"version":0,"block":{"attributes":{"compartment_id":{"type":"string","description_kind":"plain","required":true},"id":{"type":"string","description_kind":"plain","computed":true},"network_policy":{"type":["list",["object",{"network_source_ids":["list","string"]}]],"description_kind":"plain","computed":true},"password_policy":{"type":["list",["object",{"is_lowercase_characters_required":"bool","is_numeric_characters_required":"bool","is_special_characters_required":"bool","is_uppercase_characters_required":"bool","is_username_containment_allowed":"bool","minimum_password_length":"number"}]],"description_kind":"plain","computed":true}},"description_kind":"plain"}},"oci_identity_availability_domain":{"version":0,"block":{"attributes":{"ad_number":{"type":"number","description_kind":"plain","optional":true,"computed":true},"compartment_id":{"type":"string","description_kind":"plain","required":true},"id":{"type":"string","description_kind":"plain","optional":true,"computed":true},"name":{"type":"string","description_kind":"plain","computed":true}},"description_kind":"plain"}},"oci_identity_availability_domains":{"version":0,"block":{"attributes":{"availability_domains":{"type":["list",["object",{"compartment_id":"string","id":"string","name":"string"}]],"description_kind":"plain","computed":true},"compartment_id":{"type":"string","description_kind":"plain","required":true},"id":{"type":"string","description_kind":"plain","optional":true,"computed":true}},"block_types":{"filter":{"nesting_mode":"set","block":{"attributes":{"name":{"type":"string","description_kind":"plain","required":true},"regex":{"type":"bool","description_kind":"plain","optional":true},"values":{"type":["list","string"],"description_kind":"plain","required":true}},"description_kind":"plain"}}},"description_kind":"plain"}},"oci_identity_compartment":{"version":0,"block":{"attributes":{"compartment_id":{"type":"string","description_kind":"plain","computed":true},"defined_tags":{"type":["map","string"],"description_kind":"plain","computed":true},"description":{"type":"string","description_kind":"plain","computed":true},"freeform_tags":{"type":["map","string"],"description_kind":"plain","computed":true},"id":{"type":"string","description_kind":"plain","required":true},"inactive_state":{"type":"string","description_kind":"plain","computed":true},"is_accessible":{"type":"bool","description_kind":"plain","computed":true},"name":{"type":"string","description_kind":"plain","computed":true},"state":{"type":"string","description_kind":"plain","computed":true},"time_created":{"type":"string","description_kind":"plain","computed":true}},"description_kind":"plain"}},"oci_identity_compartments":{"version":0,"block":{"attributes":{"access_level":{"type":"string","description_kind":"plain","optional":true},"compartment_id":{"type":"string","description_kind":"plain","required":true},"compartment_id_in_subtree":{"type":"bool","description_kind":"plain","optional":true},"compartments":{"type":["list",["object",{"compartment_id":"string","defined_tags":["map","string"],"description":"string","enable_delete":"bool","freeform_tags":["map","string"],"id":"string","inactive_state":"string","is_accessible":"bool","name":"string","state":"string","time_created":"string"}]],"description_kind":"plain","computed":true},"id":{"type":"string","description_kind":"plain","optional":true,"computed":true}},"block_types":{"filter":{"nesting_mode":"set","block":{"attributes":{"name":{"type":"string","description_kind":"plain","required":true},"regex":{"type":"bool","description_kind":"plain","optional":true},"values":{"type":["list","string"],"description_kind":"plain","required":true}},"description_kind":"plain"}}},"description_kind":"plain"}},"oci_identity_cost_tracking_tags":{"version":0,"block":{"attributes":{"compartment_id":{"type":"string","description_kind":"plain","required":true},"id":{"type":"string","description_kind":"plain","optional":true,"computed":true},"tags":{"type":["list",["object",{"compartment_id":"string","defined_tags":["map","string"],"description":"string","freeform_tags":["map","string"],"id":"string","is_cost_tracking":"bool","is_retired":"bool","name":"string","state":"string","tag_namespace_id":"string","tag_namespace_name":"string","time_created":"string","validator":["list",["object",{"validator_type":"string","values":["list","string"]}]]}]],"description_kind":"plain","computed":true}},"block_types":{"filter":{"nesting_mode":"set","block":{"attributes":{"name":{"type":"string","description_kind":"plain","required":true},"regex":{"type":"bool","description_kind":"plain","optional":true},"values":{"type":["list","string"],"description_kind":"plain","required":true}},"description_kind":"plain"}}},"description_kind":"plain"}},"oci_identity_customer_secret_keys":{"version":0,"block":{"attributes":{"customer_secret_keys":{"type":["list",["object",{"display_name":"string","id":"string","inactive_state":"string","key":"string","state":"string","time_created":"string","time_expires":"string","user_id":"string"}]],"description_kind":"plain","computed":true},"id":{"type":"string","description_kind":"plain","optional":true,"computed":true},"user_id":{"type":"string","description_kind":"plain","required":true}},"block_types":{"filter":{"nesting_mode":"set","block":{"attributes":{"name":{"type":"string","description_kind":"plain","required":true},"regex":{"type":"bool","description_kind":"plain","optional":true},"values":{"type":["list","string"],"description_kind":"plain","required":true}},"description_kind":"plain"}}},"description_kind":"plain"}},"oci_identity_dynamic_groups":{"version":0,"block":{"attributes":{"compartment_id":{"type":"string","description_kind":"plain","required":true},"dynamic_groups":{"type":["list",["object",{"compartment_id":"string","defined_tags":["map","string"],"description":"string","freeform_tags":["map","string"],"id":"string","inactive_state":"string","matching_rule":"string","name":"string","state":"string","time_created":"string"}]],"description_kind":"plain","computed":true},"id":{"type":"string","description_kind":"plain","optional":true,"computed":true}},"block_types":{"filter":{"nesting_mode":"set","block":{"attributes":{"name":{"type":"string","description_kind":"plain","required":true},"regex":{"type":"bool","description_kind":"plain","optional":true},"values":{"type":["list","string"],"description_kind":"plain","required":true}},"description_kind":"plain"}}},"description_kind":"plain"}},"oci_identity_fault_domains":{"version":0,"block":{"attributes":{"availability_domain":{"type":"string","description_kind":"plain","required":true},"compartment_id":{"type":"string","description_kind":"plain","required":true},"fault_domains":{"type":["list",["object",{"availability_domain":"string","compartment_id":"string","id":"string","name":"string"}]],"description_kind":"plain","computed":true},"id":{"type":"string","description_kind":"plain","optional":true,"computed":true}},"block_types":{"filter":{"nesting_mode":"set","block":{"attributes":{"name":{"type":"string","description_kind":"plain","required":true},"regex":{"type":"bool","description_kind":"plain","optional":true},"values":{"type":["list","string"],"description_kind":"plain","required":true}},"description_kind":"plain"}}},"description_kind":"plain"}},"oci_identity_group":{"version":0,"block":{"attributes":{"compartment_id":{"type":"string","description_kind":"plain","computed":true},"defined_tags":{"type":["map","string"],"description_kind":"plain","computed":true},"description":{"type":"string","description_kind":"plain","computed":true},"freeform_tags":{"type":["map","string"],"description_kind":"plain","computed":true},"group_id":{"type":"string","description_kind":"plain","required":true},"id":{"type":"string","description_kind":"plain","computed":true},"inactive_state":{"type":"string","description_kind":"plain","computed":true},"name":{"type":"string","description_kind":"plain","computed":true},"state":{"type":"string","description_kind":"plain","computed":true},"time_created":{"type":"string","description_kind":"plain","computed":true}},"description_kind":"plain"}},"oci_identity_groups":{"version":0,"block":{"attributes":{"compartment_id":{"type":"string","description_kind":"plain","required":true},"groups":{"type":["list",["object",{"compartment_id":"string","defined_tags":["map","string"],"description":"string","freeform_tags":["map","string"],"id":"string","inactive_state":"string","name":"string","state":"string","time_created":"string"}]],"description_kind":"plain","computed":true},"id":{"type":"string","description_kind":"plain","optional":true,"computed":true}},"block_types":{"filter":{"nesting_mode":"set","block":{"attributes":{"name":{"type":"string","description_kind":"plain","required":true},"regex":{"type":"bool","description_kind":"plain","optional":true},"values":{"type":["list","string"],"description_kind":"plain","required":true}},"description_kind":"plain"}}},"description_kind":"plain"}},"oci_identity_identity_provider_groups":{"version":0,"block":{"attributes":{"id":{"type":"string","description_kind":"plain","optional":true,"computed":true},"identity_provider_groups":{"type":["list",["object",{"display_name":"string","external_identifier":"string","id":"string","identity_provider_id":"string","name":"string","time_created":"string","time_modified":"string"}]],"description_kind":"plain","computed":true},"identity_provider_id":{"type":"string","description_kind":"plain","required":true}},"block_types":{"filter":{"nesting_mode":"set","block":{"attributes":{"name":{"type":"string","description_kind":"plain","required":true},"regex":{"type":"bool","description_kind":"plain","optional":true},"values":{"type":["list","string"],"description_kind":"plain","required":true}},"description_kind":"plain"}}},"description_kind":"plain"}},"oci_identity_identity_providers":{"version":0,"block":{"attributes":{"compartment_id":{"type":"string","description_kind":"plain","required":true},"id":{"type":"string","description_kind":"plain","optional":true,"computed":true},"identity_providers":{"type":["list",["object",{"compartment_id":"string","defined_tags":["map","string"],"description":"string","freeform_attributes":["map","string"],"freeform_tags":["map","string"],"id":"string","inactive_state":"string","metadata":"string","metadata_url":"string","name":"string","product_type":"string","protocol":"string","redirect_url":"string","signing_certificate":"string","state":"string","time_created":"string"}]],"description_kind":"plain","computed":true},"protocol":{"type":"string","description_kind":"plain","required":true}},"block_types":{"filter":{"nesting_mode":"set","block":{"attributes":{"name":{"type":"string","description_kind":"plain","required":true},"regex":{"type":"bool","description_kind":"plain","optional":true},"values":{"type":["list","string"],"description_kind":"plain","required":true}},"description_kind":"plain"}}},"description_kind":"plain"}},"oci_identity_idp_group_mappings":{"version":0,"block":{"attributes":{"id":{"type":"string","description_kind":"plain","optional":true,"computed":true},"identity_provider_id":{"type":"string","description_kind":"plain","required":true},"idp_group_mappings":{"type":["list",["object",{"compartment_id":"string","group_id":"string","id":"string","identity_provider_id":"string","idp_group_name":"string","inactive_state":"string","state":"string","time_created":"string"}]],"description_kind":"plain","computed":true}},"block_types":{"filter":{"nesting_mode":"set","block":{"attributes":{"name":{"type":"string","description_kind":"plain","required":true},"regex":{"type":"bool","description_kind":"plain","optional":true},"values":{"type":["list","string"],"description_kind":"plain","required":true}},"description_kind":"plain"}}},"description_kind":"plain"}},"oci_identity_network_source":{"version":0,"block":{"attributes":{"compartment_id":{"type":"string","description_kind":"plain","computed":true},"defined_tags":{"type":["map","string"],"description_kind":"plain","computed":true},"description":{"type":"string","description_kind":"plain","computed":true},"freeform_tags":{"type":["map","string"],"description_kind":"plain","computed":true},"id":{"type":"string","description_kind":"plain","computed":true},"inactive_state":{"type":"string","description_kind":"plain","computed":true},"name":{"type":"string","description_kind":"plain","computed":true},"network_source_id":{"type":"string","description_kind":"plain","required":true},"public_source_list":{"type":["list","string"],"description_kind":"plain","computed":true},"services":{"type":["list","string"],"description_kind":"plain","computed":true},"state":{"type":"string","description_kind":"plain","computed":true},"time_created":{"type":"string","description_kind":"plain","computed":true},"virtual_source_list":{"type":["list",["object",{"ip_ranges":["list","string"],"vcn_id":"string"}]],"description_kind":"plain","computed":true}},"description_kind":"plain"}},"oci_identity_network_sources":{"version":0,"block":{"attributes":{"compartment_id":{"type":"string","description_kind":"plain","required":true},"id":{"type":"string","description_kind":"plain","optional":true,"computed":true},"network_sources":{"type":["list",["object",{"compartment_id":"string","defined_tags":["map","string"],"description":"string","freeform_tags":["map","string"],"id":"string","inactive_state":"string","name":"string","public_source_list":["list","string"],"services":["list","string"],"state":"string","time_created":"string","virtual_source_list":["list",["object",{"ip_ranges":["list","string"],"vcn_id":"string"}]]}]],"description_kind":"plain","computed":true}},"block_types":{"filter":{"nesting_mode":"set","block":{"attributes":{"name":{"type":"string","description_kind":"plain","required":true},"regex":{"type":"bool","description_kind":"plain","optional":true},"values":{"type":["list","string"],"description_kind":"plain","required":true}},"description_kind":"plain"}}},"description_kind":"plain"}},"oci_identity_policies":{"version":0,"block":{"attributes":{"compartment_id":{"type":"string","description_kind":"plain","required":true},"id":{"type":"string","description_kind":"plain","optional":true,"computed":true},"policies":{"type":["list",["object",{"ETag":"string","compartment_id":"string","defined_tags":["map","string"],"description":"string","freeform_tags":["map","string"],"id":"string","inactive_state":"string","lastUpdateETag":"string","name":"string","policyHash":"string","state":"string","statements":["list","string"],"time_created":"string","version_date":"string"}]],"description_kind":"plain","computed":true}},"block_types":{"filter":{"nesting_mode":"set","block":{"attributes":{"name":{"type":"string","description_kind":"plain","required":true},"regex":{"type":"bool","description_kind":"plain","optional":true},"values":{"type":["list","string"],"description_kind":"plain","required":true}},"description_kind":"plain"}}},"description_kind":"plain"}},"oci_identity_region_subscriptions":{"version":0,"block":{"attributes":{"id":{"type":"string","description_kind":"plain","optional":true,"computed":true},"region_subscriptions":{"type":["list",["object",{"is_home_region":"bool","region_key":"string","region_name":"string","state":"string","tenancy_id":"string"}]],"description_kind":"plain","computed":true},"tenancy_id":{"type":"string","description_kind":"plain","required":true}},"block_types":{"filter":{"nesting_mode":"set","block":{"attributes":{"name":{"type":"string","description_kind":"plain","required":true},"regex":{"type":"bool","description_kind":"plain","optional":true},"values":{"type":["list","string"],"description_kind":"plain","required":true}},"description_kind":"plain"}}},"description_kind":"plain"}},"oci_identity_regions":{"version":0,"block":{"attributes":{"id":{"type":"string","description_kind":"plain","optional":true,"computed":true},"regions":{"type":["list",["object",{"key":"string","name":"string"}]],"description_kind":"plain","computed":true}},"block_types":{"filter":{"nesting_mode":"set","block":{"attributes":{"name":{"type":"string","description_kind":"plain","required":true},"regex":{"type":"bool","description_kind":"plain","optional":true},"values":{"type":["list","string"],"description_kind":"plain","required":true}},"description_kind":"plain"}}},"description_kind":"plain"}},"oci_identity_smtp_credentials":{"version":0,"block":{"attributes":{"id":{"type":"string","description_kind":"plain","optional":true,"computed":true},"smtp_credentials":{"type":["list",["object",{"description":"string","id":"string","inactive_state":"string","password":"string","state":"string","time_created":"string","time_expires":"string","user_id":"string","username":"string"}]],"description_kind":"plain","computed":true},"user_id":{"type":"string","description_kind":"plain","required":true}},"block_types":{"filter":{"nesting_mode":"set","block":{"attributes":{"name":{"type":"string","description_kind":"plain","required":true},"regex":{"type":"bool","description_kind":"plain","optional":true},"values":{"type":["list","string"],"description_kind":"plain","required":true}},"description_kind":"plain"}}},"description_kind":"plain"}},"oci_identity_swift_passwords":{"version":0,"block":{"attributes":{"id":{"type":"string","description_kind":"plain","optional":true,"computed":true},"passwords":{"type":["list",["object",{"description":"string","expires_on":"string","id":"string","inactive_state":"string","password":"string","state":"string","time_created":"string","user_id":"string"}]],"description_kind":"plain","computed":true},"user_id":{"type":"string","description_kind":"plain","required":true}},"block_types":{"filter":{"nesting_mode":"set","block":{"attributes":{"name":{"type":"string","description_kind":"plain","required":true},"regex":{"type":"bool","description_kind":"plain","optional":true},"values":{"type":["list","string"],"description_kind":"plain","required":true}},"description_kind":"plain"}}},"description_kind":"plain"}},"oci_identity_tag":{"version":0,"block":{"attributes":{"defined_tags":{"type":["map","string"],"description_kind":"plain","computed":true},"description":{"type":"string","description_kind":"plain","computed":true},"freeform_tags":{"type":["map","string"],"description_kind":"plain","computed":true},"id":{"type":"string","description_kind":"plain","computed":true},"is_cost_tracking":{"type":"bool","description_kind":"plain","computed":true},"is_retired":{"type":"bool","description_kind":"plain","computed":true},"name":{"type":"string","description_kind":"plain","computed":true},"state":{"type":"string","description_kind":"plain","computed":true},"tag_name":{"type":"string","description_kind":"plain","required":true},"tag_namespace_id":{"type":"string","description_kind":"plain","required":true},"time_created":{"type":"string","description_kind":"plain","computed":true},"validator":{"type":["list",["object",{"validator_type":"string","values":["list","string"]}]],"description_kind":"plain","computed":true}},"description_kind":"plain"}},"oci_identity_tag_default":{"version":0,"block":{"attributes":{"compartment_id":{"type":"string","description_kind":"plain","computed":true},"id":{"type":"string","description_kind":"plain","computed":true},"is_required":{"type":"bool","description_kind":"plain","computed":true},"state":{"type":"string","description_kind":"plain","computed":true},"tag_default_id":{"type":"string","description_kind":"plain","required":true},"tag_definition_id":{"type":"string","description_kind":"plain","computed":true},"tag_definition_name":{"type":"string","description_kind":"plain","computed":true},"tag_namespace_id":{"type":"string","description_kind":"plain","computed":true},"time_created":{"type":"string","description_kind":"plain","computed":true},"value":{"type":"string","description_kind":"plain","computed":true}},"description_kind":"plain"}},"oci_identity_tag_defaults":{"version":0,"block":{"attributes":{"compartment_id":{"type":"string","description_kind":"plain","optional":true},"id":{"type":"string","description_kind":"plain","optional":true},"state":{"type":"string","description_kind":"plain","optional":true},"tag_defaults":{"type":["list",["object",{"compartment_id":"string","id":"string","is_required":"bool","state":"string","tag_definition_id":"string","tag_definition_name":"string","tag_namespace_id":"string","time_created":"string","value":"string"}]],"description_kind":"plain","computed":true},"tag_definition_id":{"type":"string","description_kind":"plain","optional":true}},"block_types":{"filter":{"nesting_mode":"set","block":{"attributes":{"name":{"type":"string","description_kind":"plain","required":true},"regex":{"type":"bool","description_kind":"plain","optional":true},"values":{"type":["list","string"],"description_kind":"plain","required":true}},"description_kind":"plain"}}},"description_kind":"plain"}},"oci_identity_tag_namespaces":{"version":0,"block":{"attributes":{"compartment_id":{"type":"string","description_kind":"plain","required":true},"id":{"type":"string","description_kind":"plain","optional":true,"computed":true},"include_subcompartments":{"type":"bool","description_kind":"plain","optional":true},"state":{"type":"string","description_kind":"plain","optional":true},"tag_namespaces":{"type":["list",["object",{"compartment_id":"string","defined_tags":["map","string"],"description":"string","freeform_tags":["map","string"],"id":"string","is_retired":"bool","name":"string","state":"string","time_created":"string"}]],"description_kind":"plain","computed":true}},"block_types":{"filter":{"nesting_mode":"set","block":{"attributes":{"name":{"type":"string","description_kind":"plain","required":true},"regex":{"type":"bool","description_kind":"plain","optional":true},"values":{"type":["list","string"],"description_kind":"plain","required":true}},"description_kind":"plain"}}},"description_kind":"plain"}},"oci_identity_tags":{"version":0,"block":{"attributes":{"id":{"type":"string","description_kind":"plain","optional":true,"computed":true},"state":{"type":"string","description_kind":"plain","optional":true},"tag_namespace_id":{"type":"string","description_kind":"plain","required":true},"tags":{"type":["list",["object",{"defined_tags":["map","string"],"description":"string","freeform_tags":["map","string"],"id":"string","is_cost_tracking":"bool","is_retired":"bool","name":"string","state":"string","tag_namespace_id":"string","time_created":"string","validator":["list",["object",{"validator_type":"string","values":["list","string"]}]]}]],"description_kind":"plain","computed":true}},"block_types":{"filter":{"nesting_mode":"set","block":{"attributes":{"name":{"type":"string","description_kind":"plain","required":true},"regex":{"type":"bool","description_kind":"plain","optional":true},"values":{"type":["list","string"],"description_kind":"plain","required":true}},"description_kind":"plain"}}},"description_kind":"plain"}},"oci_identity_tenancy":{"version":0,"block":{"attributes":{"defined_tags":{"type":["map","string"],"description_kind":"plain","computed":true},"description":{"type":"string","description_kind":"plain","computed":true},"freeform_tags":{"type":["map","string"],"description_kind":"plain","computed":true},"home_region_key":{"type":"string","description_kind":"plain","computed":true},"id":{"type":"string","description_kind":"plain","optional":true,"computed":true},"name":{"type":"string","description_kind":"plain","computed":true},"tenancy_id":{"type":"string","description_kind":"plain","required":true},"upi_idcs_compatibility_layer_endpoint":{"type":"string","description_kind":"plain","computed":true}},"description_kind":"plain"}},"oci_identity_ui_password":{"version":0,"block":{"attributes":{"id":{"type":"string","description_kind":"plain","computed":true},"inactive_status":{"type":"string","description_kind":"plain","computed":true},"password":{"type":"string","description_kind":"plain","computed":true},"state":{"type":"string","description_kind":"plain","computed":true},"time_created":{"type":"string","description_kind":"plain","computed":true},"user_id":{"type":"string","description_kind":"plain","required":true}},"description_kind":"plain"}},"oci_identity_user":{"version":0,"block":{"attributes":{"capabilities":{"type":["list",["object",{"can_use_api_keys":"bool","can_use_auth_tokens":"bool","can_use_console_password":"bool","can_use_customer_secret_keys":"bool","can_use_oauth2client_credentials":"bool","can_use_smtp_credentials":"bool"}]],"description_kind":"plain","computed":true},"compartment_id":{"type":"string","description_kind":"plain","computed":true},"defined_tags":{"type":["map","string"],"description_kind":"plain","computed":true},"description":{"type":"string","description_kind":"plain","computed":true},"email":{"type":"string","description_kind":"plain","computed":true},"external_identifier":{"type":"string","description_kind":"plain","computed":true},"freeform_tags":{"type":["map","string"],"description_kind":"plain","computed":true},"id":{"type":"string","description_kind":"plain","computed":true},"identity_provider_id":{"type":"string","description_kind":"plain","computed":true},"inactive_state":{"type":"string","description_kind":"plain","computed":true},"name":{"type":"string","description_kind":"plain","computed":true},"state":{"type":"string","description_kind":"plain","computed":true},"time_created":{"type":"string","description_kind":"plain","computed":true},"user_id":{"type":"string","description_kind":"plain","required":true}},"description_kind":"plain"}},"oci_identity_user_group_memberships":{"version":0,"block":{"attributes":{"compartment_id":{"type":"string","description_kind":"plain","required":true},"group_id":{"type":"string","description_kind":"plain","optional":true},"id":{"type":"string","description_kind":"plain","optional":true,"computed":true},"memberships":{"type":["list",["object",{"compartment_id":"string","group_id":"string","id":"string","inactive_state":"string","state":"string","time_created":"string","user_id":"string"}]],"description_kind":"plain","computed":true},"user_id":{"type":"string","description_kind":"plain","optional":true}},"block_types":{"filter":{"nesting_mode":"set","block":{"attributes":{"name":{"type":"string","description_kind":"plain","required":true},"regex":{"type":"bool","description_kind":"plain","optional":true},"values":{"type":["list","string"],"description_kind":"plain","required":true}},"description_kind":"plain"}}},"description_kind":"plain"}},"oci_identity_users":{"version":0,"block":{"attributes":{"compartment_id":{"type":"string","description_kind":"plain","required":true},"external_identifier":{"type":"string","description_kind":"plain","optional":true},"id":{"type":"string","description_kind":"plain","optional":true,"computed":true},"identity_provider_id":{"type":"string","description_kind":"plain","optional":true},"users":{"type":["list",["object",{"capabilities":["list",["object",{"can_use_api_keys":"bool","can_use_auth_tokens":"bool","can_use_console_password":"bool","can_use_customer_secret_keys":"bool","can_use_oauth2client_credentials":"bool","can_use_smtp_credentials":"bool"}]],"compartment_id":"string","defined_tags":["map","string"],"description":"string","email":"string","external_identifier":"string","freeform_tags":["map","string"],"id":"string","identity_provider_id":"string","inactive_state":"string","name":"string","state":"string","time_created":"string"}]],"description_kind":"plain","computed":true}},"block_types":{"filter":{"nesting_mode":"set","block":{"attributes":{"name":{"type":"string","description_kind":"plain","required":true},"regex":{"type":"bool","description_kind":"plain","optional":true},"values":{"type":["list","string"],"description_kind":"plain","required":true}},"description_kind":"plain"}}},"description_kind":"plain"}},"oci_integration_integration_instance":{"version":0,"block":{"attributes":{"compartment_id":{"type":"string","description_kind":"plain","computed":true},"consumption_model":{"type":"string","description_kind":"plain","computed":true},"defined_tags":{"type":["map","string"],"description_kind":"plain","computed":true},"display_name":{"type":"string","description_kind":"plain","computed":true},"freeform_tags":{"type":["map","string"],"description_kind":"plain","computed":true},"id":{"type":"string","description_kind":"plain","computed":true},"idcs_at":{"type":"string","description_kind":"plain","computed":true,"sensitive":true},"instance_url":{"type":"string","description_kind":"plain","computed":true},"integration_instance_id":{"type":"string","description_kind":"plain","required":true},"integration_instance_type":{"type":"string","description_kind":"plain","computed":true},"is_byol":{"type":"bool","description_kind":"plain","computed":true},"is_file_server_enabled":{"type":"bool","description_kind":"plain","computed":true},"message_packs":{"type":"number","description_kind":"plain","computed":true},"state":{"type":"string","description_kind":"plain","computed":true},"state_message":{"type":"string","description_kind":"plain","computed":true},"time_created":{"type":"string","description_kind":"plain","computed":true},"time_updated":{"type":"string","description_kind":"plain","computed":true}},"description_kind":"plain"}},"oci_integration_integration_instances":{"version":0,"block":{"attributes":{"compartment_id":{"type":"string","description_kind":"plain","required":true},"display_name":{"type":"string","description_kind":"plain","optional":true},"id":{"type":"string","description_kind":"plain","optional":true,"computed":true},"integration_instances":{"type":["list",["object",{"compartment_id":"string","consumption_model":"string","defined_tags":["map","string"],"display_name":"string","freeform_tags":["map","string"],"id":"string","idcs_at":"string","instance_url":"string","integration_instance_type":"string","is_byol":"bool","is_file_server_enabled":"bool","message_packs":"number","state":"string","state_message":"string","time_created":"string","time_updated":"string"}]],"description_kind":"plain","computed":true},"state":{"type":"string","description_kind":"plain","optional":true}},"block_types":{"filter":{"nesting_mode":"set","block":{"attributes":{"name":{"type":"string","description_kind":"plain","required":true},"regex":{"type":"bool","description_kind":"plain","optional":true},"values":{"type":["list","string"],"description_kind":"plain","required":true}},"description_kind":"plain"}}},"description_kind":"plain"}},"oci_kms_decrypted_data":{"version":0,"block":{"attributes":{"associated_data":{"type":["map","string"],"description_kind":"plain","optional":true},"ciphertext":{"type":"string","description_kind":"plain","required":true},"crypto_endpoint":{"type":"string","description_kind":"plain","required":true},"id":{"type":"string","description_kind":"plain","optional":true,"computed":true},"key_id":{"type":"string","description_kind":"plain","required":true},"plaintext":{"type":"string","description_kind":"plain","computed":true},"plaintext_checksum":{"type":"string","description_kind":"plain","computed":true}},"description_kind":"plain"}},"oci_kms_encrypted_data":{"version":0,"block":{"attributes":{"associated_data":{"type":["map","string"],"description_kind":"plain","optional":true},"ciphertext":{"type":"string","description_kind":"plain","computed":true},"crypto_endpoint":{"type":"string","description_kind":"plain","required":true},"id":{"type":"string","description_kind":"plain","optional":true,"computed":true},"key_id":{"type":"string","description_kind":"plain","required":true},"plaintext":{"type":"string","description_kind":"plain","required":true}},"description_kind":"plain"}},"oci_kms_key":{"version":0,"block":{"attributes":{"compartment_id":{"type":"string","description_kind":"plain","computed":true},"current_key_version":{"type":"string","description_kind":"plain","computed":true},"defined_tags":{"type":["map","string"],"description_kind":"plain","computed":true},"desired_state":{"type":"string","description_kind":"plain","computed":true},"display_name":{"type":"string","description_kind":"plain","computed":true},"freeform_tags":{"type":["map","string"],"description_kind":"plain","computed":true},"id":{"type":"string","description_kind":"plain","computed":true},"key_id":{"type":"string","description_kind":"plain","required":true},"key_shape":{"type":["list",["object",{"algorithm":"string","length":"number"}]],"description_kind":"plain","computed":true},"management_endpoint":{"type":"string","description_kind":"plain","required":true},"restore_from_file":{"type":["list",["object",{"content_length":"string","content_md5":"string","restore_key_from_file_details":"string"}]],"description_kind":"plain","computed":true},"restore_from_object_store":{"type":["list",["object",{"bucket":"string","destination":"string","namespace":"string","object":"string","uri":"string"}]],"description_kind":"plain","computed":true},"restore_trigger":{"type":"bool","description_kind":"plain","computed":true},"restored_from_key_id":{"type":"string","description_kind":"plain","computed":true},"state":{"type":"string","description_kind":"plain","computed":true},"time_created":{"type":"string","description_kind":"plain","computed":true},"time_of_deletion":{"type":"string","description_kind":"plain","computed":true},"vault_id":{"type":"string","description_kind":"plain","computed":true}},"description_kind":"plain"}},"oci_kms_key_version":{"version":0,"block":{"attributes":{"compartment_id":{"type":"string","description_kind":"plain","computed":true},"id":{"type":"string","description_kind":"plain","computed":true},"key_id":{"type":"string","description_kind":"plain","required":true},"key_version_id":{"type":"string","description_kind":"plain","required":true},"management_endpoint":{"type":"string","description_kind":"plain","required":true},"restored_from_key_id":{"type":"string","description_kind":"plain","computed":true},"state":{"type":"string","description_kind":"plain","computed":true},"time_created":{"type":"string","description_kind":"plain","computed":true},"time_of_deletion":{"type":"string","description_kind":"plain","computed":true},"vault_id":{"type":"string","description_kind":"plain","computed":true}},"description_kind":"plain"}},"oci_kms_key_versions":{"version":0,"block":{"attributes":{"id":{"type":"string","description_kind":"plain","optional":true,"computed":true},"key_id":{"type":"string","description_kind":"plain","required":true},"key_versions":{"type":["list",["object",{"compartment_id":"string","id":"string","key_id":"string","key_version_id":"string","management_endpoint":"string","restored_from_key_id":"string","state":"string","time_created":"string","time_of_deletion":"string","vault_id":"string"}]],"description_kind":"plain","computed":true},"management_endpoint":{"type":"string","description_kind":"plain","required":true}},"block_types":{"filter":{"nesting_mode":"set","block":{"attributes":{"name":{"type":"string","description_kind":"plain","required":true},"regex":{"type":"bool","description_kind":"plain","optional":true},"values":{"type":["list","string"],"description_kind":"plain","required":true}},"description_kind":"plain"}}},"description_kind":"plain"}},"oci_kms_keys":{"version":0,"block":{"attributes":{"compartment_id":{"type":"string","description_kind":"plain","required":true},"id":{"type":"string","description_kind":"plain","optional":true,"computed":true},"keys":{"type":["list",["object",{"compartment_id":"string","current_key_version":"string","defined_tags":["map","string"],"desired_state":"string","display_name":"string","freeform_tags":["map","string"],"id":"string","key_shape":["list",["object",{"algorithm":"string","length":"number"}]],"management_endpoint":"string","restore_from_file":["list",["object",{"content_length":"string","content_md5":"string","restore_key_from_file_details":"string"}]],"restore_from_object_store":["list",["object",{"bucket":"string","destination":"string","namespace":"string","object":"string","uri":"string"}]],"restore_trigger":"bool","restored_from_key_id":"string","state":"string","time_created":"string","time_of_deletion":"string","vault_id":"string"}]],"description_kind":"plain","computed":true},"management_endpoint":{"type":"string","description_kind":"plain","required":true}},"block_types":{"filter":{"nesting_mode":"set","block":{"attributes":{"name":{"type":"string","description_kind":"plain","required":true},"regex":{"type":"bool","description_kind":"plain","optional":true},"values":{"type":["list","string"],"description_kind":"plain","required":true}},"description_kind":"plain"}}},"description_kind":"plain"}},"oci_kms_vault":{"version":0,"block":{"attributes":{"compartment_id":{"type":"string","description_kind":"plain","computed":true},"crypto_endpoint":{"type":"string","description_kind":"plain","computed":true},"defined_tags":{"type":["map","string"],"description_kind":"plain","computed":true},"display_name":{"type":"string","description_kind":"plain","computed":true},"freeform_tags":{"type":["map","string"],"description_kind":"plain","computed":true},"id":{"type":"string","description_kind":"plain","computed":true},"management_endpoint":{"type":"string","description_kind":"plain","computed":true},"restore_from_file":{"type":["list",["object",{"content_length":"string","content_md5":"string","restore_vault_from_file_details":"string"}]],"description_kind":"plain","computed":true},"restore_from_object_store":{"type":["list",["object",{"bucket":"string","destination":"string","namespace":"string","object":"string","uri":"string"}]],"description_kind":"plain","computed":true},"restore_trigger":{"type":"bool","description_kind":"plain","computed":true},"restored_from_vault_id":{"type":"string","description_kind":"plain","computed":true},"state":{"type":"string","description_kind":"plain","computed":true},"time_created":{"type":"string","description_kind":"plain","computed":true},"time_of_deletion":{"type":"string","description_kind":"plain","computed":true},"vault_id":{"type":"string","description_kind":"plain","required":true},"vault_type":{"type":"string","description_kind":"plain","computed":true}},"description_kind":"plain"}},"oci_kms_vault_usage":{"version":0,"block":{"attributes":{"id":{"type":"string","description_kind":"plain","optional":true,"computed":true},"key_count":{"type":"number","description_kind":"plain","computed":true},"key_version_count":{"type":"number","description_kind":"plain","computed":true},"vault_id":{"type":"string","description_kind":"plain","required":true}},"description_kind":"plain"}},"oci_kms_vaults":{"version":0,"block":{"attributes":{"compartment_id":{"type":"string","description_kind":"plain","required":true},"id":{"type":"string","description_kind":"plain","optional":true,"computed":true},"vaults":{"type":["list",["object",{"compartment_id":"string","crypto_endpoint":"string","defined_tags":["map","string"],"display_name":"string","freeform_tags":["map","string"],"id":"string","management_endpoint":"string","restore_from_file":["list",["object",{"content_length":"string","content_md5":"string","restore_vault_from_file_details":"string"}]],"restore_from_object_store":["list",["object",{"bucket":"string","destination":"string","namespace":"string","object":"string","uri":"string"}]],"restore_trigger":"bool","restored_from_vault_id":"string","state":"string","time_created":"string","time_of_deletion":"string","vault_type":"string"}]],"description_kind":"plain","computed":true}},"block_types":{"filter":{"nesting_mode":"set","block":{"attributes":{"name":{"type":"string","description_kind":"plain","required":true},"regex":{"type":"bool","description_kind":"plain","optional":true},"values":{"type":["list","string"],"description_kind":"plain","required":true}},"description_kind":"plain"}}},"description_kind":"plain"}},"oci_limits_limit_definitions":{"version":0,"block":{"attributes":{"compartment_id":{"type":"string","description_kind":"plain","required":true},"id":{"type":"string","description_kind":"plain","optional":true,"computed":true},"limit_definitions":{"type":["list",["object",{"are_quotas_supported":"bool","description":"string","is_resource_availability_supported":"bool","name":"string","scope_type":"string","service_name":"string"}]],"description_kind":"plain","computed":true},"name":{"type":"string","description_kind":"plain","optional":true},"service_name":{"type":"string","description_kind":"plain","optional":true}},"block_types":{"filter":{"nesting_mode":"set","block":{"attributes":{"name":{"type":"string","description_kind":"plain","required":true},"regex":{"type":"bool","description_kind":"plain","optional":true},"values":{"type":["list","string"],"description_kind":"plain","required":true}},"description_kind":"plain"}}},"description_kind":"plain"}},"oci_limits_limit_values":{"version":0,"block":{"attributes":{"availability_domain":{"type":"string","description_kind":"plain","optional":true},"compartment_id":{"type":"string","description_kind":"plain","required":true},"id":{"type":"string","description_kind":"plain","optional":true,"computed":true},"limit_values":{"type":["list",["object",{"availability_domain":"string","name":"string","scope_type":"string","value":"string"}]],"description_kind":"plain","computed":true},"name":{"type":"string","description_kind":"plain","optional":true},"scope_type":{"type":"string","description_kind":"plain","optional":true},"service_name":{"type":"string","description_kind":"plain","required":true}},"block_types":{"filter":{"nesting_mode":"set","block":{"attributes":{"name":{"type":"string","description_kind":"plain","required":true},"regex":{"type":"bool","description_kind":"plain","optional":true},"values":{"type":["list","string"],"description_kind":"plain","required":true}},"description_kind":"plain"}}},"description_kind":"plain"}},"oci_limits_quota":{"version":0,"block":{"attributes":{"compartment_id":{"type":"string","description_kind":"plain","computed":true},"defined_tags":{"type":["map","string"],"description_kind":"plain","computed":true},"description":{"type":"string","description_kind":"plain","computed":true},"freeform_tags":{"type":["map","string"],"description_kind":"plain","computed":true},"id":{"type":"string","description_kind":"plain","computed":true},"name":{"type":"string","description_kind":"plain","computed":true},"quota_id":{"type":"string","description_kind":"plain","required":true},"state":{"type":"string","description_kind":"plain","computed":true},"statements":{"type":["list","string"],"description_kind":"plain","computed":true},"time_created":{"type":"string","description_kind":"plain","computed":true}},"description_kind":"plain"}},"oci_limits_quotas":{"version":0,"block":{"attributes":{"compartment_id":{"type":"string","description_kind":"plain","required":true},"id":{"type":"string","description_kind":"plain","optional":true,"computed":true},"name":{"type":"string","description_kind":"plain","optional":true},"quotas":{"type":["list",["object",{"compartment_id":"string","defined_tags":["map","string"],"description":"string","freeform_tags":["map","string"],"id":"string","name":"string","state":"string","statements":["list","string"],"time_created":"string"}]],"description_kind":"plain","computed":true},"state":{"type":"string","description_kind":"plain","optional":true}},"block_types":{"filter":{"nesting_mode":"set","block":{"attributes":{"name":{"type":"string","description_kind":"plain","required":true},"regex":{"type":"bool","description_kind":"plain","optional":true},"values":{"type":["list","string"],"description_kind":"plain","required":true}},"description_kind":"plain"}}},"description_kind":"plain"}},"oci_limits_resource_availability":{"version":0,"block":{"attributes":{"availability_domain":{"type":"string","description_kind":"plain","optional":true},"available":{"type":"string","description_kind":"plain","computed":true},"compartment_id":{"type":"string","description_kind":"plain","required":true},"id":{"type":"string","description_kind":"plain","optional":true,"computed":true},"limit_name":{"type":"string","description_kind":"plain","required":true},"service_name":{"type":"string","description_kind":"plain","required":true},"used":{"type":"string","description_kind":"plain","computed":true}},"description_kind":"plain"}},"oci_limits_services":{"version":0,"block":{"attributes":{"compartment_id":{"type":"string","description_kind":"plain","required":true},"id":{"type":"string","description_kind":"plain","optional":true,"computed":true},"services":{"type":["list",["object",{"description":"string","name":"string"}]],"description_kind":"plain","computed":true}},"block_types":{"filter":{"nesting_mode":"set","block":{"attributes":{"name":{"type":"string","description_kind":"plain","required":true},"regex":{"type":"bool","description_kind":"plain","optional":true},"values":{"type":["list","string"],"description_kind":"plain","required":true}},"description_kind":"plain"}}},"description_kind":"plain"}},"oci_load_balancer_backend_health":{"version":0,"block":{"attributes":{"backend_name":{"type":"string","description_kind":"plain","required":true},"backend_set_name":{"type":"string","description_kind":"plain","required":true},"health_check_results":{"type":["list",["object",{"health_check_status":"string","source_ip_address":"string","subnet_id":"string","timestamp":"string"}]],"description_kind":"plain","computed":true},"id":{"type":"string","description_kind":"plain","optional":true,"computed":true},"load_balancer_id":{"type":"string","description_kind":"plain","required":true},"status":{"type":"string","description_kind":"plain","computed":true}},"description_kind":"plain"}},"oci_load_balancer_backend_set_health":{"version":0,"block":{"attributes":{"backend_set_name":{"type":"string","description_kind":"plain","required":true},"critical_state_backend_names":{"type":["list","string"],"description_kind":"plain","computed":true},"id":{"type":"string","description_kind":"plain","optional":true,"computed":true},"load_balancer_id":{"type":"string","description_kind":"plain","required":true},"status":{"type":"string","description_kind":"plain","computed":true},"total_backend_count":{"type":"number","description_kind":"plain","computed":true},"unknown_state_backend_names":{"type":["list","string"],"description_kind":"plain","computed":true},"warning_state_backend_names":{"type":["list","string"],"description_kind":"plain","computed":true}},"description_kind":"plain"}},"oci_load_balancer_backend_sets":{"version":0,"block":{"attributes":{"backendsets":{"type":["list",["object",{"backend":["list",["object",{"backup":"bool","drain":"bool","ip_address":"string","name":"string","offline":"bool","port":"number","weight":"number"}]],"health_checker":["list",["object",{"interval_ms":"number","port":"number","protocol":"string","response_body_regex":"string","retries":"number","return_code":"number","timeout_in_millis":"number","url_path":"string"}]],"id":"string","lb_cookie_session_persistence_configuration":["list",["object",{"cookie_name":"string","disable_fallback":"bool","domain":"string","is_http_only":"bool","is_secure":"bool","max_age_in_seconds":"number","path":"string"}]],"load_balancer_id":"string","name":"string","policy":"string","session_persistence_configuration":["list",["object",{"cookie_name":"string","disable_fallback":"bool"}]],"ssl_configuration":["list",["object",{"certificate_name":"string","cipher_suite_name":"string","protocols":["list","string"],"server_order_preference":"string","verify_depth":"number","verify_peer_certificate":"bool"}]],"state":"string"}]],"description_kind":"plain","computed":true},"id":{"type":"string","description_kind":"plain","optional":true,"computed":true},"load_balancer_id":{"type":"string","description_kind":"plain","required":true}},"block_types":{"filter":{"nesting_mode":"set","block":{"attributes":{"name":{"type":"string","description_kind":"plain","required":true},"regex":{"type":"bool","description_kind":"plain","optional":true},"values":{"type":["list","string"],"description_kind":"plain","required":true}},"description_kind":"plain"}}},"description_kind":"plain"}},"oci_load_balancer_backends":{"version":0,"block":{"attributes":{"backends":{"type":["list",["object",{"backendset_name":"string","backup":"bool","drain":"bool","ip_address":"string","load_balancer_id":"string","name":"string","offline":"bool","port":"number","state":"string","weight":"number"}]],"description_kind":"plain","computed":true},"backendset_name":{"type":"string","description_kind":"plain","required":true},"id":{"type":"string","description_kind":"plain","optional":true,"computed":true},"load_balancer_id":{"type":"string","description_kind":"plain","required":true}},"block_types":{"filter":{"nesting_mode":"set","block":{"attributes":{"name":{"type":"string","description_kind":"plain","required":true},"regex":{"type":"bool","description_kind":"plain","optional":true},"values":{"type":["list","string"],"description_kind":"plain","required":true}},"description_kind":"plain"}}},"description_kind":"plain"}},"oci_load_balancer_backendsets":{"version":0,"block":{"attributes":{"backendsets":{"type":["list",["object",{"backend":["list",["object",{"backup":"bool","drain":"bool","ip_address":"string","name":"string","offline":"bool","port":"number","weight":"number"}]],"health_checker":["list",["object",{"interval_ms":"number","port":"number","protocol":"string","response_body_regex":"string","retries":"number","return_code":"number","timeout_in_millis":"number","url_path":"string"}]],"id":"string","lb_cookie_session_persistence_configuration":["list",["object",{"cookie_name":"string","disable_fallback":"bool","domain":"string","is_http_only":"bool","is_secure":"bool","max_age_in_seconds":"number","path":"string"}]],"load_balancer_id":"string","name":"string","policy":"string","session_persistence_configuration":["list",["object",{"cookie_name":"string","disable_fallback":"bool"}]],"ssl_configuration":["list",["object",{"certificate_name":"string","cipher_suite_name":"string","protocols":["list","string"],"server_order_preference":"string","verify_depth":"number","verify_peer_certificate":"bool"}]],"state":"string"}]],"description_kind":"plain","computed":true},"id":{"type":"string","description_kind":"plain","optional":true,"computed":true},"load_balancer_id":{"type":"string","description_kind":"plain","required":true}},"block_types":{"filter":{"nesting_mode":"set","block":{"attributes":{"name":{"type":"string","description_kind":"plain","required":true},"regex":{"type":"bool","description_kind":"plain","optional":true},"values":{"type":["list","string"],"description_kind":"plain","required":true}},"description_kind":"plain"}}},"description_kind":"plain"}},"oci_load_balancer_certificates":{"version":0,"block":{"attributes":{"certificates":{"type":["list",["object",{"ca_certificate":"string","certificate_name":"string","load_balancer_id":"string","passphrase":"string","private_key":"string","public_certificate":"string","state":"string"}]],"description_kind":"plain","computed":true},"id":{"type":"string","description_kind":"plain","optional":true,"computed":true},"load_balancer_id":{"type":"string","description_kind":"plain","required":true}},"block_types":{"filter":{"nesting_mode":"set","block":{"attributes":{"name":{"type":"string","description_kind":"plain","required":true},"regex":{"type":"bool","description_kind":"plain","optional":true},"values":{"type":["list","string"],"description_kind":"plain","required":true}},"description_kind":"plain"}}},"description_kind":"plain"}},"oci_load_balancer_health":{"version":0,"block":{"attributes":{"critical_state_backend_set_names":{"type":["list","string"],"description_kind":"plain","computed":true},"id":{"type":"string","description_kind":"plain","optional":true,"computed":true},"load_balancer_id":{"type":"string","description_kind":"plain","required":true},"status":{"type":"string","description_kind":"plain","computed":true},"total_backend_set_count":{"type":"number","description_kind":"plain","computed":true},"unknown_state_backend_set_names":{"type":["list","string"],"description_kind":"plain","computed":true},"warning_state_backend_set_names":{"type":["list","string"],"description_kind":"plain","computed":true}},"description_kind":"plain"}},"oci_load_balancer_hostnames":{"version":0,"block":{"attributes":{"hostnames":{"type":["list",["object",{"hostname":"string","load_balancer_id":"string","name":"string","state":"string"}]],"description_kind":"plain","computed":true},"id":{"type":"string","description_kind":"plain","optional":true,"computed":true},"load_balancer_id":{"type":"string","description_kind":"plain","required":true}},"block_types":{"filter":{"nesting_mode":"set","block":{"attributes":{"name":{"type":"string","description_kind":"plain","required":true},"regex":{"type":"bool","description_kind":"plain","optional":true},"values":{"type":["list","string"],"description_kind":"plain","required":true}},"description_kind":"plain"}}},"description_kind":"plain"}},"oci_load_balancer_listener_rules":{"version":0,"block":{"attributes":{"id":{"type":"string","description_kind":"plain","optional":true,"computed":true},"listener_name":{"type":"string","description_kind":"plain","required":true},"listener_rules":{"type":["list",["object",{"name":"string","rule":["list",["object",{"action":"string","allowed_methods":["list","string"],"are_invalid_characters_allowed":"bool","conditions":["list",["object",{"attribute_name":"string","attribute_value":"string","operator":"string"}]],"description":"string","header":"string","http_large_header_size_in_kb":"number","prefix":"string","redirect_uri":["list",["object",{"host":"string","path":"string","port":"number","protocol":"string","query":"string"}]],"response_code":"number","status_code":"number","suffix":"string","value":"string"}]],"state":"string"}]],"description_kind":"plain","computed":true},"load_balancer_id":{"type":"string","description_kind":"plain","required":true}},"block_types":{"filter":{"nesting_mode":"set","block":{"attributes":{"name":{"type":"string","description_kind":"plain","required":true},"regex":{"type":"bool","description_kind":"plain","optional":true},"values":{"type":["list","string"],"description_kind":"plain","required":true}},"description_kind":"plain"}}},"description_kind":"plain"}},"oci_load_balancer_load_balancers":{"version":0,"block":{"attributes":{"compartment_id":{"type":"string","description_kind":"plain","required":true},"detail":{"type":"string","description_kind":"plain","optional":true},"display_name":{"type":"string","description_kind":"plain","optional":true},"id":{"type":"string","description_kind":"plain","optional":true,"computed":true},"load_balancers":{"type":["list",["object",{"compartment_id":"string","defined_tags":["map","string"],"display_name":"string","freeform_tags":["map","string"],"id":"string","ip_address_details":["list",["object",{"ip_address":"string","is_public":"bool"}]],"ip_addresses":["list","string"],"ip_mode":"string","is_private":"bool","network_security_group_ids":["list","string"],"shape":"string","state":"string","subnet_ids":["list","string"],"system_tags":["map","string"],"time_created":"string"}]],"description_kind":"plain","computed":true},"state":{"type":"string","description_kind":"plain","optional":true}},"block_types":{"filter":{"nesting_mode":"set","block":{"attributes":{"name":{"type":"string","description_kind":"plain","required":true},"regex":{"type":"bool","description_kind":"plain","optional":true},"values":{"type":["list","string"],"description_kind":"plain","required":true}},"description_kind":"plain"}}},"description_kind":"plain"}},"oci_load_balancer_path_route_sets":{"version":0,"block":{"attributes":{"id":{"type":"string","description_kind":"plain","optional":true,"computed":true},"load_balancer_id":{"type":"string","description_kind":"plain","required":true},"path_route_sets":{"type":["list",["object",{"load_balancer_id":"string","name":"string","path_routes":["list",["object",{"backend_set_name":"string","path":"string","path_match_type":["list",["object",{"match_type":"string"}]]}]],"state":"string"}]],"description_kind":"plain","computed":true}},"block_types":{"filter":{"nesting_mode":"set","block":{"attributes":{"name":{"type":"string","description_kind":"plain","required":true},"regex":{"type":"bool","description_kind":"plain","optional":true},"values":{"type":["list","string"],"description_kind":"plain","required":true}},"description_kind":"plain"}}},"description_kind":"plain"}},"oci_load_balancer_policies":{"version":0,"block":{"attributes":{"compartment_id":{"type":"string","description_kind":"plain","required":true},"id":{"type":"string","description_kind":"plain","optional":true,"computed":true},"policies":{"type":["list",["object",{"name":"string"}]],"description_kind":"plain","computed":true}},"block_types":{"filter":{"nesting_mode":"set","block":{"attributes":{"name":{"type":"string","description_kind":"plain","required":true},"regex":{"type":"bool","description_kind":"plain","optional":true},"values":{"type":["list","string"],"description_kind":"plain","required":true}},"description_kind":"plain"}}},"description_kind":"plain"}},"oci_load_balancer_protocols":{"version":0,"block":{"attributes":{"compartment_id":{"type":"string","description_kind":"plain","required":true},"id":{"type":"string","description_kind":"plain","optional":true,"computed":true},"protocols":{"type":["list",["object",{"name":"string"}]],"description_kind":"plain","computed":true}},"block_types":{"filter":{"nesting_mode":"set","block":{"attributes":{"name":{"type":"string","description_kind":"plain","required":true},"regex":{"type":"bool","description_kind":"plain","optional":true},"values":{"type":["list","string"],"description_kind":"plain","required":true}},"description_kind":"plain"}}},"description_kind":"plain"}},"oci_load_balancer_rule_set":{"version":0,"block":{"attributes":{"id":{"type":"string","description_kind":"plain","computed":true},"items":{"type":["list",["object",{"action":"string","allowed_methods":["list","string"],"are_invalid_characters_allowed":"bool","conditions":["list",["object",{"attribute_name":"string","attribute_value":"string","operator":"string"}]],"description":"string","header":"string","http_large_header_size_in_kb":"number","prefix":"string","redirect_uri":["list",["object",{"host":"string","path":"string","port":"number","protocol":"string","query":"string"}]],"response_code":"number","status_code":"number","suffix":"string","value":"string"}]],"description_kind":"plain","computed":true},"load_balancer_id":{"type":"string","description_kind":"plain","required":true},"name":{"type":"string","description_kind":"plain","required":true},"state":{"type":"string","description_kind":"plain","computed":true}},"description_kind":"plain"}},"oci_load_balancer_rule_sets":{"version":0,"block":{"attributes":{"id":{"type":"string","description_kind":"plain","optional":true,"computed":true},"load_balancer_id":{"type":"string","description_kind":"plain","required":true},"rule_sets":{"type":["list",["object",{"id":"string","items":["list",["object",{"action":"string","allowed_methods":["list","string"],"are_invalid_characters_allowed":"bool","conditions":["list",["object",{"attribute_name":"string","attribute_value":"string","operator":"string"}]],"description":"string","header":"string","http_large_header_size_in_kb":"number","prefix":"string","redirect_uri":["list",["object",{"host":"string","path":"string","port":"number","protocol":"string","query":"string"}]],"response_code":"number","status_code":"number","suffix":"string","value":"string"}]],"load_balancer_id":"string","name":"string","state":"string"}]],"description_kind":"plain","computed":true}},"block_types":{"filter":{"nesting_mode":"set","block":{"attributes":{"name":{"type":"string","description_kind":"plain","required":true},"regex":{"type":"bool","description_kind":"plain","optional":true},"values":{"type":["list","string"],"description_kind":"plain","required":true}},"description_kind":"plain"}}},"description_kind":"plain"}},"oci_load_balancer_shapes":{"version":0,"block":{"attributes":{"compartment_id":{"type":"string","description_kind":"plain","required":true},"id":{"type":"string","description_kind":"plain","optional":true,"computed":true},"shapes":{"type":["list",["object",{"name":"string"}]],"description_kind":"plain","computed":true}},"block_types":{"filter":{"nesting_mode":"set","block":{"attributes":{"name":{"type":"string","description_kind":"plain","required":true},"regex":{"type":"bool","description_kind":"plain","optional":true},"values":{"type":["list","string"],"description_kind":"plain","required":true}},"description_kind":"plain"}}},"description_kind":"plain"}},"oci_load_balancer_ssl_cipher_suite":{"version":0,"block":{"attributes":{"ciphers":{"type":["list","string"],"description_kind":"plain","computed":true},"id":{"type":"string","description_kind":"plain","computed":true},"load_balancer_id":{"type":"string","description_kind":"plain","required":true},"name":{"type":"string","description_kind":"plain","required":true},"state":{"type":"string","description_kind":"plain","computed":true}},"description_kind":"plain"}},"oci_load_balancer_ssl_cipher_suites":{"version":0,"block":{"attributes":{"id":{"type":"string","description_kind":"plain","optional":true,"computed":true},"load_balancer_id":{"type":"string","description_kind":"plain","optional":true},"ssl_cipher_suites":{"type":["list",["object",{"ciphers":["list","string"],"load_balancer_id":"string","name":"string","state":"string"}]],"description_kind":"plain","computed":true}},"block_types":{"filter":{"nesting_mode":"set","block":{"attributes":{"name":{"type":"string","description_kind":"plain","required":true},"regex":{"type":"bool","description_kind":"plain","optional":true},"values":{"type":["list","string"],"description_kind":"plain","required":true}},"description_kind":"plain"}}},"description_kind":"plain"}},"oci_load_balancers":{"version":0,"block":{"attributes":{"compartment_id":{"type":"string","description_kind":"plain","required":true},"detail":{"type":"string","description_kind":"plain","optional":true},"display_name":{"type":"string","description_kind":"plain","optional":true},"id":{"type":"string","description_kind":"plain","optional":true,"computed":true},"load_balancers":{"type":["list",["object",{"compartment_id":"string","defined_tags":["map","string"],"display_name":"string","freeform_tags":["map","string"],"id":"string","ip_address_details":["list",["object",{"ip_address":"string","is_public":"bool"}]],"ip_addresses":["list","string"],"ip_mode":"string","is_private":"bool","network_security_group_ids":["list","string"],"shape":"string","state":"string","subnet_ids":["list","string"],"system_tags":["map","string"],"time_created":"string"}]],"description_kind":"plain","computed":true},"state":{"type":"string","description_kind":"plain","optional":true}},"block_types":{"filter":{"nesting_mode":"set","block":{"attributes":{"name":{"type":"string","description_kind":"plain","required":true},"regex":{"type":"bool","description_kind":"plain","optional":true},"values":{"type":["list","string"],"description_kind":"plain","required":true}},"description_kind":"plain"}}},"description_kind":"plain"}},"oci_logging_log":{"version":0,"block":{"attributes":{"compartment_id":{"type":"string","description_kind":"plain","computed":true},"configuration":{"type":["list",["object",{"compartment_id":"string","source":["list",["object",{"category":"string","resource":"string","service":"string","source_type":"string"}]]}]],"description_kind":"plain","computed":true},"defined_tags":{"type":["map","string"],"description_kind":"plain","computed":true},"display_name":{"type":"string","description_kind":"plain","computed":true},"freeform_tags":{"type":["map","string"],"description_kind":"plain","computed":true},"id":{"type":"string","description_kind":"plain","computed":true},"is_enabled":{"type":"bool","description_kind":"plain","computed":true},"log_group_id":{"type":"string","description_kind":"plain","required":true},"log_id":{"type":"string","description_kind":"plain","required":true},"log_type":{"type":"string","description_kind":"plain","computed":true},"retention_duration":{"type":"number","description_kind":"plain","computed":true},"state":{"type":"string","description_kind":"plain","computed":true},"tenancy_id":{"type":"string","description_kind":"plain","computed":true},"time_created":{"type":"string","description_kind":"plain","computed":true},"time_last_modified":{"type":"string","description_kind":"plain","computed":true}},"description_kind":"plain"}},"oci_logging_log_group":{"version":0,"block":{"attributes":{"compartment_id":{"type":"string","description_kind":"plain","computed":true},"defined_tags":{"type":["map","string"],"description_kind":"plain","computed":true},"description":{"type":"string","description_kind":"plain","computed":true},"display_name":{"type":"string","description_kind":"plain","computed":true},"freeform_tags":{"type":["map","string"],"description_kind":"plain","computed":true},"id":{"type":"string","description_kind":"plain","computed":true},"log_group_id":{"type":"string","description_kind":"plain","required":true},"state":{"type":"string","description_kind":"plain","computed":true},"time_created":{"type":"string","description_kind":"plain","computed":true},"time_last_modified":{"type":"string","description_kind":"plain","computed":true}},"description_kind":"plain"}},"oci_logging_log_groups":{"version":0,"block":{"attributes":{"compartment_id":{"type":"string","description_kind":"plain","required":true},"display_name":{"type":"string","description_kind":"plain","optional":true},"id":{"type":"string","description_kind":"plain","optional":true,"computed":true},"is_compartment_id_in_subtree":{"type":"bool","description_kind":"plain","optional":true},"log_groups":{"type":["list",["object",{"compartment_id":"string","defined_tags":["map","string"],"description":"string","display_name":"string","freeform_tags":["map","string"],"id":"string","state":"string","time_created":"string","time_last_modified":"string"}]],"description_kind":"plain","computed":true}},"block_types":{"filter":{"nesting_mode":"set","block":{"attributes":{"name":{"type":"string","description_kind":"plain","required":true},"regex":{"type":"bool","description_kind":"plain","optional":true},"values":{"type":["list","string"],"description_kind":"plain","required":true}},"description_kind":"plain"}}},"description_kind":"plain"}},"oci_logging_logs":{"version":0,"block":{"attributes":{"display_name":{"type":"string","description_kind":"plain","optional":true},"id":{"type":"string","description_kind":"plain","optional":true,"computed":true},"log_group_id":{"type":"string","description_kind":"plain","required":true},"log_type":{"type":"string","description_kind":"plain","optional":true},"logs":{"type":["list",["object",{"compartment_id":"string","configuration":["list",["object",{"compartment_id":"string","source":["list",["object",{"category":"string","resource":"string","service":"string","source_type":"string"}]]}]],"defined_tags":["map","string"],"display_name":"string","freeform_tags":["map","string"],"id":"string","is_enabled":"bool","log_group_id":"string","log_type":"string","retention_duration":"number","state":"string","tenancy_id":"string","time_created":"string","time_last_modified":"string"}]],"description_kind":"plain","computed":true},"source_resource":{"type":"string","description_kind":"plain","optional":true},"source_service":{"type":"string","description_kind":"plain","optional":true},"state":{"type":"string","description_kind":"plain","optional":true}},"block_types":{"filter":{"nesting_mode":"set","block":{"attributes":{"name":{"type":"string","description_kind":"plain","required":true},"regex":{"type":"bool","description_kind":"plain","optional":true},"values":{"type":["list","string"],"description_kind":"plain","required":true}},"description_kind":"plain"}}},"description_kind":"plain"}},"oci_management_agent_management_agent":{"version":0,"block":{"attributes":{"compartment_id":{"type":"string","description_kind":"plain","computed":true},"defined_tags":{"type":["map","string"],"description_kind":"plain","computed":true},"deploy_plugins_id":{"type":["list","string"],"description_kind":"plain","computed":true},"display_name":{"type":"string","description_kind":"plain","computed":true},"freeform_tags":{"type":["map","string"],"description_kind":"plain","computed":true},"host":{"type":"string","description_kind":"plain","computed":true},"id":{"type":"string","description_kind":"plain","computed":true},"install_key_id":{"type":"string","description_kind":"plain","computed":true},"install_path":{"type":"string","description_kind":"plain","computed":true},"is_agent_auto_upgradable":{"type":"bool","description_kind":"plain","computed":true},"lifecycle_details":{"type":"string","description_kind":"plain","computed":true},"managed_agent_id":{"type":"string","description_kind":"plain","computed":true},"management_agent_id":{"type":"string","description_kind":"plain","required":true},"platform_name":{"type":"string","description_kind":"plain","computed":true},"platform_type":{"type":"string","description_kind":"plain","computed":true},"platform_version":{"type":"string","description_kind":"plain","computed":true},"plugin_list":{"type":["list",["object",{"plugin_display_name":"string","plugin_id":"string","plugin_name":"string","plugin_version":"string"}]],"description_kind":"plain","computed":true},"state":{"type":"string","description_kind":"plain","computed":true},"time_created":{"type":"string","description_kind":"plain","computed":true},"time_last_heartbeat":{"type":"string","description_kind":"plain","computed":true},"time_updated":{"type":"string","description_kind":"plain","computed":true},"version":{"type":"string","description_kind":"plain","computed":true}},"description_kind":"plain"}},"oci_management_agent_management_agent_images":{"version":0,"block":{"attributes":{"compartment_id":{"type":"string","description_kind":"plain","required":true},"id":{"type":"string","description_kind":"plain","optional":true,"computed":true},"management_agent_images":{"type":["list",["object",{"checksum":"string","id":"string","object_url":"string","platform_name":"string","platform_type":"string","size":"number","state":"string","version":"string"}]],"description_kind":"plain","computed":true},"name":{"type":"string","description_kind":"plain","optional":true},"state":{"type":"string","description_kind":"plain","optional":true}},"block_types":{"filter":{"nesting_mode":"set","block":{"attributes":{"name":{"type":"string","description_kind":"plain","required":true},"regex":{"type":"bool","description_kind":"plain","optional":true},"values":{"type":["list","string"],"description_kind":"plain","required":true}},"description_kind":"plain"}}},"description_kind":"plain"}},"oci_management_agent_management_agent_install_key":{"version":0,"block":{"attributes":{"allowed_key_install_count":{"type":"number","description_kind":"plain","computed":true},"compartment_id":{"type":"string","description_kind":"plain","computed":true},"created_by_principal_id":{"type":"string","description_kind":"plain","computed":true},"current_key_install_count":{"type":"number","description_kind":"plain","computed":true},"display_name":{"type":"string","description_kind":"plain","computed":true},"id":{"type":"string","description_kind":"plain","computed":true},"key":{"type":"string","description_kind":"plain","computed":true},"lifecycle_details":{"type":"string","description_kind":"plain","computed":true},"management_agent_install_key_id":{"type":"string","description_kind":"plain","required":true},"state":{"type":"string","description_kind":"plain","computed":true},"time_created":{"type":"string","description_kind":"plain","computed":true},"time_expires":{"type":"string","description_kind":"plain","computed":true},"time_updated":{"type":"string","description_kind":"plain","computed":true}},"description_kind":"plain"}},"oci_management_agent_management_agent_install_keys":{"version":0,"block":{"attributes":{"access_level":{"type":"string","description_kind":"plain","optional":true},"compartment_id":{"type":"string","description_kind":"plain","required":true},"compartment_id_in_subtree":{"type":"bool","description_kind":"plain","optional":true},"display_name":{"type":"string","description_kind":"plain","optional":true},"id":{"type":"string","description_kind":"plain","optional":true,"computed":true},"management_agent_install_keys":{"type":["list",["object",{"allowed_key_install_count":"number","compartment_id":"string","created_by_principal_id":"string","current_key_install_count":"number","display_name":"string","id":"string","key":"string","lifecycle_details":"string","state":"string","time_created":"string","time_expires":"string","time_updated":"string"}]],"description_kind":"plain","computed":true},"state":{"type":"string","description_kind":"plain","optional":true}},"block_types":{"filter":{"nesting_mode":"set","block":{"attributes":{"name":{"type":"string","description_kind":"plain","required":true},"regex":{"type":"bool","description_kind":"plain","optional":true},"values":{"type":["list","string"],"description_kind":"plain","required":true}},"description_kind":"plain"}}},"description_kind":"plain"}},"oci_management_agent_management_agent_plugins":{"version":0,"block":{"attributes":{"compartment_id":{"type":"string","description_kind":"plain","required":true},"display_name":{"type":"string","description_kind":"plain","optional":true},"id":{"type":"string","description_kind":"plain","optional":true,"computed":true},"management_agent_plugins":{"type":["list",["object",{"description":"string","display_name":"string","id":"string","is_console_deployable":"bool","name":"string","state":"string","supported_platform_types":["list","string"],"version":"number"}]],"description_kind":"plain","computed":true},"state":{"type":"string","description_kind":"plain","optional":true}},"block_types":{"filter":{"nesting_mode":"set","block":{"attributes":{"name":{"type":"string","description_kind":"plain","required":true},"regex":{"type":"bool","description_kind":"plain","optional":true},"values":{"type":["list","string"],"description_kind":"plain","required":true}},"description_kind":"plain"}}},"description_kind":"plain"}},"oci_management_agent_management_agents":{"version":0,"block":{"attributes":{"compartment_id":{"type":"string","description_kind":"plain","required":true},"display_name":{"type":"string","description_kind":"plain","optional":true},"id":{"type":"string","description_kind":"plain","optional":true,"computed":true},"management_agents":{"type":["list",["object",{"compartment_id":"string","defined_tags":["map","string"],"deploy_plugins_id":["list","string"],"display_name":"string","freeform_tags":["map","string"],"host":"string","id":"string","install_key_id":"string","install_path":"string","is_agent_auto_upgradable":"bool","lifecycle_details":"string","managed_agent_id":"string","platform_name":"string","platform_type":"string","platform_version":"string","plugin_list":["list",["object",{"plugin_display_name":"string","plugin_id":"string","plugin_name":"string","plugin_version":"string"}]],"state":"string","time_created":"string","time_last_heartbeat":"string","time_updated":"string","version":"string"}]],"description_kind":"plain","computed":true},"platform_type":{"type":"string","description_kind":"plain","optional":true},"plugin_name":{"type":"string","description_kind":"plain","optional":true},"state":{"type":"string","description_kind":"plain","optional":true},"version":{"type":"string","description_kind":"plain","optional":true}},"block_types":{"filter":{"nesting_mode":"set","block":{"attributes":{"name":{"type":"string","description_kind":"plain","required":true},"regex":{"type":"bool","description_kind":"plain","optional":true},"values":{"type":["list","string"],"description_kind":"plain","required":true}},"description_kind":"plain"}}},"description_kind":"plain"}},"oci_marketplace_accepted_agreement":{"version":0,"block":{"attributes":{"accepted_agreement_id":{"type":"string","description_kind":"plain","required":true},"agreement_id":{"type":"string","description_kind":"plain","computed":true},"compartment_id":{"type":"string","description_kind":"plain","computed":true},"defined_tags":{"type":["map","string"],"description_kind":"plain","computed":true},"display_name":{"type":"string","description_kind":"plain","computed":true},"freeform_tags":{"type":["map","string"],"description_kind":"plain","computed":true},"id":{"type":"string","description_kind":"plain","computed":true},"listing_id":{"type":"string","description_kind":"plain","computed":true},"package_version":{"type":"string","description_kind":"plain","computed":true},"signature":{"type":"string","description_kind":"plain","computed":true},"time_accepted":{"type":"string","description_kind":"plain","computed":true}},"description_kind":"plain"}},"oci_marketplace_accepted_agreements":{"version":0,"block":{"attributes":{"accepted_agreement_id":{"type":"string","description_kind":"plain","optional":true},"accepted_agreements":{"type":["list",["object",{"agreement_id":"string","compartment_id":"string","defined_tags":["map","string"],"display_name":"string","freeform_tags":["map","string"],"id":"string","listing_id":"string","package_version":"string","signature":"string","time_accepted":"string"}]],"description_kind":"plain","computed":true},"compartment_id":{"type":"string","description_kind":"plain","required":true},"display_name":{"type":"string","description_kind":"plain","optional":true},"id":{"type":"string","description_kind":"plain","optional":true,"computed":true},"listing_id":{"type":"string","description_kind":"plain","optional":true},"package_version":{"type":"string","description_kind":"plain","optional":true}},"block_types":{"filter":{"nesting_mode":"set","block":{"attributes":{"name":{"type":"string","description_kind":"plain","required":true},"regex":{"type":"bool","description_kind":"plain","optional":true},"values":{"type":["list","string"],"description_kind":"plain","required":true}},"description_kind":"plain"}}},"description_kind":"plain"}},"oci_marketplace_categories":{"version":0,"block":{"attributes":{"categories":{"type":["list",["object",{"name":"string"}]],"description_kind":"plain","computed":true},"compartment_id":{"type":"string","description_kind":"plain","optional":true},"id":{"type":"string","description_kind":"plain","optional":true,"computed":true}},"block_types":{"filter":{"nesting_mode":"set","block":{"attributes":{"name":{"type":"string","description_kind":"plain","required":true},"regex":{"type":"bool","description_kind":"plain","optional":true},"values":{"type":["list","string"],"description_kind":"plain","required":true}},"description_kind":"plain"}}},"description_kind":"plain"}},"oci_marketplace_listing":{"version":0,"block":{"attributes":{"banner":{"type":["list",["object",{"content_url":"string","file_extension":"string","mime_type":"string","name":"string"}]],"description_kind":"plain","computed":true},"categories":{"type":["list","string"],"description_kind":"plain","computed":true},"compartment_id":{"type":"string","description_kind":"plain","optional":true},"default_package_version":{"type":"string","description_kind":"plain","computed":true},"documentation_links":{"type":["list",["object",{"document_category":"string","name":"string","url":"string"}]],"description_kind":"plain","computed":true},"icon":{"type":["list",["object",{"content_url":"string","file_extension":"string","mime_type":"string","name":"string"}]],"description_kind":"plain","computed":true},"id":{"type":"string","description_kind":"plain","optional":true,"computed":true},"is_featured":{"type":"bool","description_kind":"plain","computed":true},"keywords":{"type":"string","description_kind":"plain","computed":true},"languages":{"type":["list",["object",{"code":"string","name":"string"}]],"description_kind":"plain","computed":true},"license_model_description":{"type":"string","description_kind":"plain","computed":true},"links":{"type":["list",["object",{"href":"string","rel":"string"}]],"description_kind":"plain","computed":true},"listing_id":{"type":"string","description_kind":"plain","required":true},"long_description":{"type":"string","description_kind":"plain","computed":true},"name":{"type":"string","description_kind":"plain","computed":true},"package_type":{"type":"string","description_kind":"plain","computed":true},"publisher":{"type":["list",["object",{"contact_email":"string","contact_phone":"string","description":"string","hq_address":"string","id":"string","links":["list",["object",{"href":"string","rel":"string"}]],"logo":["list",["object",{"content_url":"string","file_extension":"string","mime_type":"string","name":"string"}]],"name":"string","website_url":"string","year_founded":"string"}]],"description_kind":"plain","computed":true},"regions":{"type":["list",["object",{"code":"string","countries":["list",["object",{"code":"string","name":"string"}]],"name":"string"}]],"description_kind":"plain","computed":true},"release_notes":{"type":"string","description_kind":"plain","computed":true},"screenshots":{"type":["list",["object",{"content_url":"string","description":"string","file_extension":"string","mime_type":"string","name":"string"}]],"description_kind":"plain","computed":true},"short_description":{"type":"string","description_kind":"plain","computed":true},"support_contacts":{"type":["list",["object",{"email":"string","name":"string","phone":"string","subject":"string"}]],"description_kind":"plain","computed":true},"support_links":{"type":["list",["object",{"name":"string","url":"string"}]],"description_kind":"plain","computed":true},"system_requirements":{"type":"string","description_kind":"plain","computed":true},"tagline":{"type":"string","description_kind":"plain","computed":true},"time_released":{"type":"string","description_kind":"plain","computed":true},"usage_information":{"type":"string","description_kind":"plain","computed":true},"version":{"type":"string","description_kind":"plain","computed":true},"videos":{"type":["list",["object",{"name":"string","url":"string"}]],"description_kind":"plain","computed":true}},"description_kind":"plain"}},"oci_marketplace_listing_package":{"version":0,"block":{"attributes":{"app_catalog_listing_id":{"type":"string","description_kind":"plain","computed":true},"app_catalog_listing_resource_version":{"type":"string","description_kind":"plain","computed":true},"compartment_id":{"type":"string","description_kind":"plain","optional":true},"description":{"type":"string","description_kind":"plain","computed":true},"id":{"type":"string","description_kind":"plain","optional":true,"computed":true},"image_id":{"type":"string","description_kind":"plain","computed":true},"listing_id":{"type":"string","description_kind":"plain","required":true},"package_type":{"type":"string","description_kind":"plain","computed":true},"package_version":{"type":"string","description_kind":"plain","required":true},"pricing":{"type":["list",["object",{"currency":"string","pay_go_strategy":"string","rate":"number","type":"string"}]],"description_kind":"plain","computed":true},"regions":{"type":["list",["object",{"code":"string","countries":["list",["object",{"code":"string","name":"string"}]],"name":"string"}]],"description_kind":"plain","computed":true},"resource_id":{"type":"string","description_kind":"plain","computed":true},"resource_link":{"type":"string","description_kind":"plain","computed":true},"time_created":{"type":"string","description_kind":"plain","computed":true},"variables":{"type":["list",["object",{"data_type":"string","default_value":"string","description":"string","hint_message":"string","is_mandatory":"bool","name":"string"}]],"description_kind":"plain","computed":true},"version":{"type":"string","description_kind":"plain","computed":true}},"description_kind":"plain"}},"oci_marketplace_listing_package_agreements":{"version":0,"block":{"attributes":{"agreements":{"type":["list",["object",{"author":"string","content_url":"string","id":"string","prompt":"string"}]],"description_kind":"plain","computed":true},"compartment_id":{"type":"string","description_kind":"plain","optional":true},"id":{"type":"string","description_kind":"plain","optional":true,"computed":true},"listing_id":{"type":"string","description_kind":"plain","required":true},"package_version":{"type":"string","description_kind":"plain","required":true}},"block_types":{"filter":{"nesting_mode":"set","block":{"attributes":{"name":{"type":"string","description_kind":"plain","required":true},"regex":{"type":"bool","description_kind":"plain","optional":true},"values":{"type":["list","string"],"description_kind":"plain","required":true}},"description_kind":"plain"}}},"description_kind":"plain"}},"oci_marketplace_listing_packages":{"version":0,"block":{"attributes":{"compartment_id":{"type":"string","description_kind":"plain","optional":true},"id":{"type":"string","description_kind":"plain","optional":true,"computed":true},"listing_id":{"type":"string","description_kind":"plain","required":true},"listing_packages":{"type":["list",["object",{"listing_id":"string","package_type":"string","package_version":"string","regions":["list",["object",{"code":"string","countries":["list",["object",{"code":"string","name":"string"}]],"name":"string"}]],"resource_id":"string","time_created":"string"}]],"description_kind":"plain","computed":true},"package_type":{"type":"string","description_kind":"plain","optional":true},"package_version":{"type":"string","description_kind":"plain","optional":true}},"block_types":{"filter":{"nesting_mode":"set","block":{"attributes":{"name":{"type":"string","description_kind":"plain","required":true},"regex":{"type":"bool","description_kind":"plain","optional":true},"values":{"type":["list","string"],"description_kind":"plain","required":true}},"description_kind":"plain"}}},"description_kind":"plain"}},"oci_marketplace_listings":{"version":0,"block":{"attributes":{"category":{"type":["list","string"],"description_kind":"plain","optional":true},"compartment_id":{"type":"string","description_kind":"plain","optional":true},"id":{"type":"string","description_kind":"plain","optional":true,"computed":true},"is_featured":{"type":"bool","description_kind":"plain","optional":true},"listing_id":{"type":"string","description_kind":"plain","optional":true},"listings":{"type":["list",["object",{"categories":["list","string"],"icon":["list",["object",{"content_url":"string","file_extension":"string","mime_type":"string","name":"string"}]],"id":"string","is_featured":"bool","name":"string","package_type":"string","pricing_types":["list","string"],"publisher":["list",["object",{"description":"string","id":"string","name":"string"}]],"regions":["list",["object",{"code":"string","countries":["list",["object",{"code":"string","name":"string"}]],"name":"string"}]],"short_description":"string","tagline":"string"}]],"description_kind":"plain","computed":true},"name":{"type":["list","string"],"description_kind":"plain","optional":true},"package_type":{"type":"string","description_kind":"plain","optional":true},"pricing":{"type":["list","string"],"description_kind":"plain","optional":true},"publisher_id":{"type":"string","description_kind":"plain","optional":true}},"block_types":{"filter":{"nesting_mode":"set","block":{"attributes":{"name":{"type":"string","description_kind":"plain","required":true},"regex":{"type":"bool","description_kind":"plain","optional":true},"values":{"type":["list","string"],"description_kind":"plain","required":true}},"description_kind":"plain"}}},"description_kind":"plain"}},"oci_marketplace_publishers":{"version":0,"block":{"attributes":{"compartment_id":{"type":"string","description_kind":"plain","optional":true},"id":{"type":"string","description_kind":"plain","optional":true,"computed":true},"publisher_id":{"type":"string","description_kind":"plain","optional":true},"publishers":{"type":["list",["object",{"description":"string","id":"string","name":"string"}]],"description_kind":"plain","computed":true}},"block_types":{"filter":{"nesting_mode":"set","block":{"attributes":{"name":{"type":"string","description_kind":"plain","required":true},"regex":{"type":"bool","description_kind":"plain","optional":true},"values":{"type":["list","string"],"description_kind":"plain","required":true}},"description_kind":"plain"}}},"description_kind":"plain"}},"oci_metering_computation_configuration":{"version":0,"block":{"attributes":{"id":{"type":"string","description_kind":"plain","optional":true,"computed":true},"items":{"type":["list",["object",{"key":"string","values":["list","string"]}]],"description_kind":"plain","computed":true},"tenant_id":{"type":"string","description_kind":"plain","required":true}},"description_kind":"plain"}},"oci_monitoring_alarm":{"version":0,"block":{"attributes":{"alarm_id":{"type":"string","description_kind":"plain","required":true},"body":{"type":"string","description_kind":"plain","computed":true},"compartment_id":{"type":"string","description_kind":"plain","computed":true},"defined_tags":{"type":["map","string"],"description_kind":"plain","computed":true},"destinations":{"type":["list","string"],"description_kind":"plain","computed":true},"display_name":{"type":"string","description_kind":"plain","computed":true},"freeform_tags":{"type":["map","string"],"description_kind":"plain","computed":true},"id":{"type":"string","description_kind":"plain","computed":true},"is_enabled":{"type":"bool","description_kind":"plain","computed":true},"metric_compartment_id":{"type":"string","description_kind":"plain","computed":true},"metric_compartment_id_in_subtree":{"type":"bool","description_kind":"plain","computed":true},"namespace":{"type":"string","description_kind":"plain","computed":true},"pending_duration":{"type":"string","description_kind":"plain","computed":true},"query":{"type":"string","description_kind":"plain","computed":true},"repeat_notification_duration":{"type":"string","description_kind":"plain","computed":true},"resolution":{"type":"string","description_kind":"plain","computed":true},"resource_group":{"type":"string","description_kind":"plain","computed":true},"severity":{"type":"string","description_kind":"plain","computed":true},"state":{"type":"string","description_kind":"plain","computed":true},"suppression":{"type":["list",["object",{"description":"string","time_suppress_from":"string","time_suppress_until":"string"}]],"description_kind":"plain","computed":true},"time_created":{"type":"string","description_kind":"plain","computed":true},"time_updated":{"type":"string","description_kind":"plain","computed":true}},"description_kind":"plain"}},"oci_monitoring_alarm_history_collection":{"version":0,"block":{"attributes":{"alarm_historytype":{"type":"string","description_kind":"plain","optional":true},"alarm_id":{"type":"string","description_kind":"plain","required":true},"entries":{"type":["list",["object",{"summary":"string","timestamp":"string","timestamp_triggered":"string"}]],"description_kind":"plain","computed":true},"id":{"type":"string","description_kind":"plain","optional":true,"computed":true},"is_enabled":{"type":"bool","description_kind":"plain","computed":true},"timestamp_greater_than_or_equal_to":{"type":"string","description_kind":"plain","optional":true},"timestamp_less_than":{"type":"string","description_kind":"plain","optional":true}},"description_kind":"plain"}},"oci_monitoring_alarm_statuses":{"version":0,"block":{"attributes":{"alarm_statuses":{"type":["list",["object",{"display_name":"string","id":"string","severity":"string","status":"string","suppression":["list",["object",{"description":"string","time_suppress_from":"string","time_suppress_until":"string"}]],"timestamp_triggered":"string"}]],"description_kind":"plain","computed":true},"compartment_id":{"type":"string","description_kind":"plain","required":true},"compartment_id_in_subtree":{"type":"bool","description_kind":"plain","optional":true},"display_name":{"type":"string","description_kind":"plain","optional":true},"id":{"type":"string","description_kind":"plain","optional":true,"computed":true}},"block_types":{"filter":{"nesting_mode":"set","block":{"attributes":{"name":{"type":"string","description_kind":"plain","required":true},"regex":{"type":"bool","description_kind":"plain","optional":true},"values":{"type":["list","string"],"description_kind":"plain","required":true}},"description_kind":"plain"}}},"description_kind":"plain"}},"oci_monitoring_alarms":{"version":0,"block":{"attributes":{"alarms":{"type":["list",["object",{"body":"string","compartment_id":"string","defined_tags":["map","string"],"destinations":["list","string"],"display_name":"string","freeform_tags":["map","string"],"id":"string","is_enabled":"bool","metric_compartment_id":"string","metric_compartment_id_in_subtree":"bool","namespace":"string","pending_duration":"string","query":"string","repeat_notification_duration":"string","resolution":"string","resource_group":"string","severity":"string","state":"string","suppression":["list",["object",{"description":"string","time_suppress_from":"string","time_suppress_until":"string"}]],"time_created":"string","time_updated":"string"}]],"description_kind":"plain","computed":true},"compartment_id":{"type":"string","description_kind":"plain","required":true},"compartment_id_in_subtree":{"type":"bool","description_kind":"plain","optional":true},"display_name":{"type":"string","description_kind":"plain","optional":true},"id":{"type":"string","description_kind":"plain","optional":true,"computed":true},"state":{"type":"string","description_kind":"plain","optional":true}},"block_types":{"filter":{"nesting_mode":"set","block":{"attributes":{"name":{"type":"string","description_kind":"plain","required":true},"regex":{"type":"bool","description_kind":"plain","optional":true},"values":{"type":["list","string"],"description_kind":"plain","required":true}},"description_kind":"plain"}}},"description_kind":"plain"}},"oci_monitoring_metric_data":{"version":0,"block":{"attributes":{"compartment_id":{"type":"string","description_kind":"plain","required":true},"compartment_id_in_subtree":{"type":"bool","description_kind":"plain","optional":true},"end_time":{"type":"string","description_kind":"plain","optional":true},"id":{"type":"string","description_kind":"plain","optional":true,"computed":true},"metric_data":{"type":["list",["object",{"aggregated_datapoints":["list",["object",{"timestamp":"string","value":"number"}]],"compartment_id":"string","compartment_id_in_subtree":"bool","dimensions":["map","string"],"end_time":"string","metadata":["map","string"],"name":"string","namespace":"string","query":"string","resolution":"string","resource_group":"string","start_time":"string"}]],"description_kind":"plain","computed":true},"namespace":{"type":"string","description_kind":"plain","required":true},"query":{"type":"string","description_kind":"plain","required":true},"resolution":{"type":"string","description_kind":"plain","optional":true},"resource_group":{"type":"string","description_kind":"plain","optional":true},"start_time":{"type":"string","description_kind":"plain","optional":true}},"block_types":{"filter":{"nesting_mode":"set","block":{"attributes":{"name":{"type":"string","description_kind":"plain","required":true},"regex":{"type":"bool","description_kind":"plain","optional":true},"values":{"type":["list","string"],"description_kind":"plain","required":true}},"description_kind":"plain"}}},"description_kind":"plain"}},"oci_monitoring_metrics":{"version":0,"block":{"attributes":{"compartment_id":{"type":"string","description_kind":"plain","required":true},"compartment_id_in_subtree":{"type":"bool","description_kind":"plain","optional":true},"dimension_filters":{"type":["map","string"],"description_kind":"plain","optional":true},"group_by":{"type":["list","string"],"description_kind":"plain","optional":true},"id":{"type":"string","description_kind":"plain","optional":true,"computed":true},"metrics":{"type":["list",["object",{"compartment_id":"string","compartment_id_in_subtree":"bool","dimension_filters":["map","string"],"dimensions":["map","string"],"group_by":["list","string"],"name":"string","namespace":"string","resource_group":"string"}]],"description_kind":"plain","computed":true},"name":{"type":"string","description_kind":"plain","optional":true},"namespace":{"type":"string","description_kind":"plain","optional":true},"resource_group":{"type":"string","description_kind":"plain","optional":true}},"block_types":{"filter":{"nesting_mode":"set","block":{"attributes":{"name":{"type":"string","description_kind":"plain","required":true},"regex":{"type":"bool","description_kind":"plain","optional":true},"values":{"type":["list","string"],"description_kind":"plain","required":true}},"description_kind":"plain"}}},"description_kind":"plain"}},"oci_mysql_mysql_backup":{"version":0,"block":{"attributes":{"backup_id":{"type":"string","description_kind":"plain","required":true},"backup_size_in_gbs":{"type":"number","description_kind":"plain","computed":true},"backup_type":{"type":"string","description_kind":"plain","computed":true},"compartment_id":{"type":"string","description_kind":"plain","computed":true},"creation_type":{"type":"string","description_kind":"plain","computed":true},"data_storage_size_in_gb":{"type":"number","description_kind":"plain","computed":true},"db_system_id":{"type":"string","description_kind":"plain","computed":true},"defined_tags":{"type":["map","string"],"description_kind":"plain","computed":true},"description":{"type":"string","description_kind":"plain","computed":true},"display_name":{"type":"string","description_kind":"plain","computed":true},"freeform_tags":{"type":["map","string"],"description_kind":"plain","computed":true},"id":{"type":"string","description_kind":"plain","computed":true},"lifecycle_details":{"type":"string","description_kind":"plain","computed":true},"mysql_version":{"type":"string","description_kind":"plain","computed":true},"retention_in_days":{"type":"number","description_kind":"plain","computed":true},"shape_name":{"type":"string","description_kind":"plain","computed":true},"state":{"type":"string","description_kind":"plain","computed":true},"time_created":{"type":"string","description_kind":"plain","computed":true},"time_updated":{"type":"string","description_kind":"plain","computed":true}},"description_kind":"plain"}},"oci_mysql_mysql_backups":{"version":0,"block":{"attributes":{"backup_id":{"type":"string","description_kind":"plain","optional":true},"backups":{"type":["list",["object",{"backup_size_in_gbs":"number","backup_type":"string","compartment_id":"string","creation_type":"string","data_storage_size_in_gb":"number","db_system_id":"string","defined_tags":["map","string"],"description":"string","display_name":"string","freeform_tags":["map","string"],"id":"string","lifecycle_details":"string","mysql_version":"string","retention_in_days":"number","shape_name":"string","state":"string","time_created":"string","time_updated":"string"}]],"description_kind":"plain","computed":true},"compartment_id":{"type":"string","description_kind":"plain","required":true},"db_system_id":{"type":"string","description_kind":"plain","optional":true},"display_name":{"type":"string","description_kind":"plain","optional":true},"id":{"type":"string","description_kind":"plain","optional":true,"computed":true},"state":{"type":"string","description_kind":"plain","optional":true}},"block_types":{"filter":{"nesting_mode":"set","block":{"attributes":{"name":{"type":"string","description_kind":"plain","required":true},"regex":{"type":"bool","description_kind":"plain","optional":true},"values":{"type":["list","string"],"description_kind":"plain","required":true}},"description_kind":"plain"}}},"description_kind":"plain"}},"oci_mysql_mysql_configuration":{"version":0,"block":{"attributes":{"compartment_id":{"type":"string","description_kind":"plain","computed":true},"configuration_id":{"type":"string","description_kind":"plain","required":true},"defined_tags":{"type":["map","string"],"description_kind":"plain","computed":true},"description":{"type":"string","description_kind":"plain","computed":true},"display_name":{"type":"string","description_kind":"plain","computed":true},"freeform_tags":{"type":["map","string"],"description_kind":"plain","computed":true},"id":{"type":"string","description_kind":"plain","optional":true,"computed":true},"parent_configuration_id":{"type":"string","description_kind":"plain","computed":true},"shape_name":{"type":"string","description_kind":"plain","computed":true},"state":{"type":"string","description_kind":"plain","computed":true},"time_created":{"type":"string","description_kind":"plain","computed":true},"time_updated":{"type":"string","description_kind":"plain","computed":true},"type":{"type":"string","description_kind":"plain","computed":true},"variables":{"type":["list",["object",{"autocommit":"bool","binlog_expire_logs_seconds":"number","completion_type":"string","connect_timeout":"number","cte_max_recursion_depth":"number","default_authentication_plugin":"string","foreign_key_checks":"bool","generated_random_password_length":"number","information_schema_stats_expiry":"number","innodb_buffer_pool_instances":"number","innodb_buffer_pool_size":"string","innodb_ft_enable_stopword":"bool","innodb_ft_max_token_size":"number","innodb_ft_min_token_size":"number","innodb_ft_num_word_optimize":"number","innodb_ft_result_cache_limit":"number","innodb_ft_server_stopword_table":"string","innodb_lock_wait_timeout":"number","innodb_max_purge_lag":"number","innodb_max_purge_lag_delay":"number","local_infile":"bool","mandatory_roles":"string","max_connections":"number","max_execution_time":"number","max_prepared_stmt_count":"number","mysql_firewall_mode":"bool","mysql_zstd_default_compression_level":"number","mysqlx_connect_timeout":"number","mysqlx_deflate_default_compression_level":"number","mysqlx_deflate_max_client_compression_level":"number","mysqlx_document_id_unique_prefix":"number","mysqlx_enable_hello_notice":"bool","mysqlx_idle_worker_thread_timeout":"number","mysqlx_interactive_timeout":"number","mysqlx_lz4default_compression_level":"number","mysqlx_lz4max_client_compression_level":"number","mysqlx_max_allowed_packet":"number","mysqlx_min_worker_threads":"number","mysqlx_read_timeout":"number","mysqlx_wait_timeout":"number","mysqlx_write_timeout":"number","mysqlx_zstd_max_client_compression_level":"number","parser_max_mem_size":"number","query_alloc_block_size":"number","query_prealloc_size":"number","sql_mode":"string","sql_require_primary_key":"bool","sql_warnings":"bool","transaction_isolation":"string"}]],"description_kind":"plain","computed":true}},"description_kind":"plain"}},"oci_mysql_mysql_configurations":{"version":0,"block":{"attributes":{"compartment_id":{"type":"string","description_kind":"plain","required":true},"configuration_id":{"type":"string","description_kind":"plain","optional":true},"configurations":{"type":["list",["object",{"compartment_id":"string","defined_tags":["map","string"],"description":"string","display_name":"string","freeform_tags":["map","string"],"id":"string","parent_configuration_id":"string","shape_name":"string","state":"string","time_created":"string","time_updated":"string","type":"string","variables":["list",["object",{"autocommit":"bool","binlog_expire_logs_seconds":"number","completion_type":"string","connect_timeout":"number","cte_max_recursion_depth":"number","default_authentication_plugin":"string","foreign_key_checks":"bool","generated_random_password_length":"number","information_schema_stats_expiry":"number","innodb_buffer_pool_instances":"number","innodb_buffer_pool_size":"string","innodb_ft_enable_stopword":"bool","innodb_ft_max_token_size":"number","innodb_ft_min_token_size":"number","innodb_ft_num_word_optimize":"number","innodb_ft_result_cache_limit":"number","innodb_ft_server_stopword_table":"string","innodb_lock_wait_timeout":"number","innodb_max_purge_lag":"number","innodb_max_purge_lag_delay":"number","local_infile":"bool","mandatory_roles":"string","max_connections":"number","max_execution_time":"number","max_prepared_stmt_count":"number","mysql_firewall_mode":"bool","mysql_zstd_default_compression_level":"number","mysqlx_connect_timeout":"number","mysqlx_deflate_default_compression_level":"number","mysqlx_deflate_max_client_compression_level":"number","mysqlx_document_id_unique_prefix":"number","mysqlx_enable_hello_notice":"bool","mysqlx_idle_worker_thread_timeout":"number","mysqlx_interactive_timeout":"number","mysqlx_lz4default_compression_level":"number","mysqlx_lz4max_client_compression_level":"number","mysqlx_max_allowed_packet":"number","mysqlx_min_worker_threads":"number","mysqlx_read_timeout":"number","mysqlx_wait_timeout":"number","mysqlx_write_timeout":"number","mysqlx_zstd_max_client_compression_level":"number","parser_max_mem_size":"number","query_alloc_block_size":"number","query_prealloc_size":"number","sql_mode":"string","sql_require_primary_key":"bool","sql_warnings":"bool","transaction_isolation":"string"}]]}]],"description_kind":"plain","computed":true},"display_name":{"type":"string","description_kind":"plain","optional":true},"id":{"type":"string","description_kind":"plain","optional":true,"computed":true},"shape_name":{"type":"string","description_kind":"plain","optional":true},"state":{"type":"string","description_kind":"plain","optional":true},"type":{"type":["list","string"],"description_kind":"plain","optional":true}},"block_types":{"filter":{"nesting_mode":"set","block":{"attributes":{"name":{"type":"string","description_kind":"plain","required":true},"regex":{"type":"bool","description_kind":"plain","optional":true},"values":{"type":["list","string"],"description_kind":"plain","required":true}},"description_kind":"plain"}}},"description_kind":"plain"}},"oci_mysql_mysql_db_system":{"version":0,"block":{"attributes":{"admin_password":{"type":"string","description_kind":"plain","computed":true,"sensitive":true},"admin_username":{"type":"string","description_kind":"plain","computed":true},"availability_domain":{"type":"string","description_kind":"plain","computed":true},"backup_policy":{"type":["list",["object",{"defined_tags":["map","string"],"freeform_tags":["map","string"],"is_enabled":"bool","retention_in_days":"number","window_start_time":"string"}]],"description_kind":"plain","computed":true},"compartment_id":{"type":"string","description_kind":"plain","computed":true},"configuration_id":{"type":"string","description_kind":"plain","computed":true},"data_storage_size_in_gb":{"type":"number","description_kind":"plain","computed":true},"db_system_id":{"type":"string","description_kind":"plain","required":true},"defined_tags":{"type":["map","string"],"description_kind":"plain","computed":true},"description":{"type":"string","description_kind":"plain","computed":true},"display_name":{"type":"string","description_kind":"plain","computed":true},"endpoints":{"type":["list",["object",{"hostname":"string","ip_address":"string","modes":["list","string"],"port":"number","port_x":"number","status":"string","status_details":"string"}]],"description_kind":"plain","computed":true},"fault_domain":{"type":"string","description_kind":"plain","computed":true},"freeform_tags":{"type":["map","string"],"description_kind":"plain","computed":true},"hostname_label":{"type":"string","description_kind":"plain","computed":true},"id":{"type":"string","description_kind":"plain","computed":true},"ip_address":{"type":"string","description_kind":"plain","computed":true},"lifecycle_details":{"type":"string","description_kind":"plain","computed":true},"maintenance":{"type":["list",["object",{"window_start_time":"string"}]],"description_kind":"plain","computed":true},"mysql_version":{"type":"string","description_kind":"plain","computed":true},"port":{"type":"number","description_kind":"plain","computed":true},"port_x":{"type":"number","description_kind":"plain","computed":true},"shape_name":{"type":"string","description_kind":"plain","computed":true},"shutdown_type":{"type":"string","description_kind":"plain","computed":true},"source":{"type":["list",["object",{"backup_id":"string","source_type":"string"}]],"description_kind":"plain","computed":true},"state":{"type":"string","description_kind":"plain","computed":true},"subnet_id":{"type":"string","description_kind":"plain","computed":true},"time_created":{"type":"string","description_kind":"plain","computed":true},"time_updated":{"type":"string","description_kind":"plain","computed":true}},"description_kind":"plain"}},"oci_mysql_mysql_db_systems":{"version":0,"block":{"attributes":{"compartment_id":{"type":"string","description_kind":"plain","required":true},"configuration_id":{"type":"string","description_kind":"plain","optional":true},"db_system_id":{"type":"string","description_kind":"plain","optional":true},"db_systems":{"type":["list",["object",{"admin_password":"string","admin_username":"string","availability_domain":"string","backup_policy":["list",["object",{"defined_tags":["map","string"],"freeform_tags":["map","string"],"is_enabled":"bool","retention_in_days":"number","window_start_time":"string"}]],"compartment_id":"string","configuration_id":"string","data_storage_size_in_gb":"number","defined_tags":["map","string"],"description":"string","display_name":"string","endpoints":["list",["object",{"hostname":"string","ip_address":"string","modes":["list","string"],"port":"number","port_x":"number","status":"string","status_details":"string"}]],"fault_domain":"string","freeform_tags":["map","string"],"hostname_label":"string","id":"string","ip_address":"string","lifecycle_details":"string","maintenance":["list",["object",{"window_start_time":"string"}]],"mysql_version":"string","port":"number","port_x":"number","shape_name":"string","shutdown_type":"string","source":["list",["object",{"backup_id":"string","source_type":"string"}]],"state":"string","subnet_id":"string","time_created":"string","time_updated":"string"}]],"description_kind":"plain","computed":true},"display_name":{"type":"string","description_kind":"plain","optional":true},"id":{"type":"string","description_kind":"plain","optional":true,"computed":true},"is_up_to_date":{"type":"bool","description_kind":"plain","optional":true},"state":{"type":"string","description_kind":"plain","optional":true}},"block_types":{"filter":{"nesting_mode":"set","block":{"attributes":{"name":{"type":"string","description_kind":"plain","required":true},"regex":{"type":"bool","description_kind":"plain","optional":true},"values":{"type":["list","string"],"description_kind":"plain","required":true}},"description_kind":"plain"}}},"description_kind":"plain"}},"oci_mysql_mysql_versions":{"version":0,"block":{"attributes":{"compartment_id":{"type":"string","description_kind":"plain","required":true},"id":{"type":"string","description_kind":"plain","optional":true,"computed":true},"versions":{"type":["list",["object",{"version_family":"string","versions":["list",["object",{"description":"string","version":"string"}]]}]],"description_kind":"plain","computed":true}},"block_types":{"filter":{"nesting_mode":"set","block":{"attributes":{"name":{"type":"string","description_kind":"plain","required":true},"regex":{"type":"bool","description_kind":"plain","optional":true},"values":{"type":["list","string"],"description_kind":"plain","required":true}},"description_kind":"plain"}}},"description_kind":"plain"}},"oci_mysql_shapes":{"version":0,"block":{"attributes":{"availability_domain":{"type":"string","description_kind":"plain","optional":true},"compartment_id":{"type":"string","description_kind":"plain","required":true},"id":{"type":"string","description_kind":"plain","optional":true,"computed":true},"name":{"type":"string","description_kind":"plain","optional":true},"shapes":{"type":["list",["object",{"cpu_core_count":"number","memory_size_in_gbs":"number","name":"string"}]],"description_kind":"plain","computed":true}},"block_types":{"filter":{"nesting_mode":"set","block":{"attributes":{"name":{"type":"string","description_kind":"plain","required":true},"regex":{"type":"bool","description_kind":"plain","optional":true},"values":{"type":["list","string"],"description_kind":"plain","required":true}},"description_kind":"plain"}}},"description_kind":"plain"}},"oci_nosql_index":{"version":0,"block":{"attributes":{"compartment_id":{"type":"string","description_kind":"plain","required":true},"id":{"type":"string","description_kind":"plain","computed":true},"index_name":{"type":"string","description_kind":"plain","required":true},"is_if_not_exists":{"type":"bool","description_kind":"plain","computed":true},"keys":{"type":["list",["object",{"column_name":"string","json_field_type":"string","json_path":"string"}]],"description_kind":"plain","computed":true},"lifecycle_details":{"type":"string","description_kind":"plain","computed":true},"name":{"type":"string","description_kind":"plain","computed":true},"state":{"type":"string","description_kind":"plain","computed":true},"table_id":{"type":"string","description_kind":"plain","computed":true},"table_name":{"type":"string","description_kind":"plain","computed":true},"table_name_or_id":{"type":"string","description_kind":"plain","required":true}},"description_kind":"plain"}},"oci_nosql_indexes":{"version":0,"block":{"attributes":{"compartment_id":{"type":"string","description_kind":"plain","optional":true},"id":{"type":"string","description_kind":"plain","optional":true,"computed":true},"index_collection":{"type":["list",["object",{"compartment_id":"string","id":"string","is_if_not_exists":"bool","keys":["list",["object",{"column_name":"string","json_field_type":"string","json_path":"string"}]],"lifecycle_details":"string","name":"string","state":"string","table_id":"string","table_name":"string","table_name_or_id":"string"}]],"description_kind":"plain","computed":true},"name":{"type":"string","description_kind":"plain","optional":true},"state":{"type":"string","description_kind":"plain","optional":true},"table_name_or_id":{"type":"string","description_kind":"plain","required":true}},"block_types":{"filter":{"nesting_mode":"set","block":{"attributes":{"name":{"type":"string","description_kind":"plain","required":true},"regex":{"type":"bool","description_kind":"plain","optional":true},"values":{"type":["list","string"],"description_kind":"plain","required":true}},"description_kind":"plain"}}},"description_kind":"plain"}},"oci_nosql_table":{"version":0,"block":{"attributes":{"compartment_id":{"type":"string","description_kind":"plain","required":true},"ddl_statement":{"type":"string","description_kind":"plain","computed":true},"defined_tags":{"type":["map","string"],"description_kind":"plain","computed":true},"freeform_tags":{"type":["map","string"],"description_kind":"plain","computed":true},"id":{"type":"string","description_kind":"plain","computed":true},"lifecycle_details":{"type":"string","description_kind":"plain","computed":true},"name":{"type":"string","description_kind":"plain","computed":true},"schema":{"type":["list",["object",{"columns":["list",["object",{"default_value":"string","is_nullable":"bool","name":"string","type":"string"}]],"primary_key":["list","string"],"shard_key":["list","string"],"ttl":"number"}]],"description_kind":"plain","computed":true},"state":{"type":"string","description_kind":"plain","computed":true},"table_limits":{"type":["list",["object",{"max_read_units":"number","max_storage_in_gbs":"number","max_write_units":"number"}]],"description_kind":"plain","computed":true},"table_name_or_id":{"type":"string","description_kind":"plain","required":true},"time_created":{"type":"string","description_kind":"plain","computed":true},"time_updated":{"type":"string","description_kind":"plain","computed":true}},"description_kind":"plain"}},"oci_nosql_tables":{"version":0,"block":{"attributes":{"compartment_id":{"type":"string","description_kind":"plain","required":true},"id":{"type":"string","description_kind":"plain","optional":true,"computed":true},"name":{"type":"string","description_kind":"plain","optional":true},"state":{"type":"string","description_kind":"plain","optional":true},"table_collection":{"type":["list",["object",{"compartment_id":"string","ddl_statement":"string","defined_tags":["map","string"],"freeform_tags":["map","string"],"id":"string","lifecycle_details":"string","name":"string","schema":["list",["object",{"columns":["list",["object",{"default_value":"string","is_nullable":"bool","name":"string","type":"string"}]],"primary_key":["list","string"],"shard_key":["list","string"],"ttl":"number"}]],"state":"string","table_limits":["list",["object",{"max_read_units":"number","max_storage_in_gbs":"number","max_write_units":"number"}]],"time_created":"string","time_updated":"string"}]],"description_kind":"plain","computed":true}},"block_types":{"filter":{"nesting_mode":"set","block":{"attributes":{"name":{"type":"string","description_kind":"plain","required":true},"regex":{"type":"bool","description_kind":"plain","optional":true},"values":{"type":["list","string"],"description_kind":"plain","required":true}},"description_kind":"plain"}}},"description_kind":"plain"}},"oci_objectstorage_bucket":{"version":0,"block":{"attributes":{"access_type":{"type":"string","description_kind":"plain","computed":true},"approximate_count":{"type":"string","description_kind":"plain","computed":true},"approximate_size":{"type":"string","description_kind":"plain","computed":true},"bucket_id":{"type":"string","description_kind":"plain","computed":true},"compartment_id":{"type":"string","description_kind":"plain","computed":true},"created_by":{"type":"string","description_kind":"plain","computed":true},"defined_tags":{"type":["map","string"],"description_kind":"plain","computed":true},"etag":{"type":"string","description_kind":"plain","computed":true},"freeform_tags":{"type":["map","string"],"description_kind":"plain","computed":true},"id":{"type":"string","description_kind":"plain","computed":true},"is_read_only":{"type":"bool","description_kind":"plain","computed":true},"kms_key_id":{"type":"string","description_kind":"plain","computed":true},"metadata":{"type":["map","string"],"description_kind":"plain","computed":true},"name":{"type":"string","description_kind":"plain","required":true},"namespace":{"type":"string","description_kind":"plain","required":true},"object_events_enabled":{"type":"bool","description_kind":"plain","computed":true},"object_lifecycle_policy_etag":{"type":"string","description_kind":"plain","computed":true},"replication_enabled":{"type":"bool","description_kind":"plain","computed":true},"retention_rules":{"type":["list",["object",{"display_name":"string","duration":["list",["object",{"time_amount":"string","time_unit":"string"}]],"retention_rule_id":"string","time_created":"string","time_modified":"string","time_rule_locked":"string"}]],"description_kind":"plain","computed":true},"storage_tier":{"type":"string","description_kind":"plain","computed":true},"time_created":{"type":"string","description_kind":"plain","computed":true},"versioning":{"type":"string","description_kind":"plain","computed":true}},"description_kind":"plain"}},"oci_objectstorage_bucket_summaries":{"version":0,"block":{"attributes":{"bucket_summaries":{"type":["list",["object",{"access_type":"string","approximate_count":"string","approximate_size":"string","bucket_id":"string","compartment_id":"string","created_by":"string","defined_tags":["map","string"],"etag":"string","freeform_tags":["map","string"],"id":"string","is_read_only":"bool","kms_key_id":"string","metadata":["map","string"],"name":"string","namespace":"string","object_events_enabled":"bool","object_lifecycle_policy_etag":"string","replication_enabled":"bool","retention_rules":["list",["object",{"display_name":"string","duration":["list",["object",{"time_amount":"string","time_unit":"string"}]],"retention_rule_id":"string","time_created":"string","time_modified":"string","time_rule_locked":"string"}]],"storage_tier":"string","time_created":"string","versioning":"string"}]],"description_kind":"plain","computed":true},"compartment_id":{"type":"string","description_kind":"plain","required":true},"id":{"type":"string","description_kind":"plain","optional":true,"computed":true},"namespace":{"type":"string","description_kind":"plain","required":true}},"block_types":{"filter":{"nesting_mode":"set","block":{"attributes":{"name":{"type":"string","description_kind":"plain","required":true},"regex":{"type":"bool","description_kind":"plain","optional":true},"values":{"type":["list","string"],"description_kind":"plain","required":true}},"description_kind":"plain"}}},"description_kind":"plain"}},"oci_objectstorage_namespace":{"version":0,"block":{"attributes":{"compartment_id":{"type":"string","description_kind":"plain","optional":true},"id":{"type":"string","description_kind":"plain","optional":true,"computed":true},"namespace":{"type":"string","description_kind":"plain","computed":true}},"description_kind":"plain"}},"oci_objectstorage_namespace_metadata":{"version":0,"block":{"attributes":{"default_s3compartment_id":{"type":"string","description_kind":"plain","computed":true},"default_swift_compartment_id":{"type":"string","description_kind":"plain","computed":true},"id":{"type":"string","description_kind":"plain","optional":true,"computed":true},"namespace":{"type":"string","description_kind":"plain","required":true}},"description_kind":"plain"}},"oci_objectstorage_object":{"version":0,"block":{"attributes":{"base64_encode_content":{"type":"bool","description_kind":"plain","optional":true},"bucket":{"type":"string","description_kind":"plain","required":true},"cache_control":{"type":"string","description_kind":"plain","computed":true},"content":{"type":"string","description_kind":"plain","computed":true},"content_disposition":{"type":"string","description_kind":"plain","computed":true},"content_encoding":{"type":"string","description_kind":"plain","computed":true},"content_language":{"type":"string","description_kind":"plain","computed":true},"content_length":{"type":"string","description_kind":"plain","computed":true},"content_length_limit":{"type":"number","description_kind":"plain","optional":true},"content_md5":{"type":"string","description_kind":"plain","computed":true},"content_type":{"type":"string","description_kind":"plain","computed":true},"id":{"type":"string","description_kind":"plain","optional":true,"computed":true},"metadata":{"type":["map","string"],"description_kind":"plain","computed":true},"namespace":{"type":"string","description_kind":"plain","required":true},"object":{"type":"string","description_kind":"plain","required":true},"version_id":{"type":"string","description_kind":"plain","optional":true,"computed":true}},"description_kind":"plain"}},"oci_objectstorage_object_head":{"version":0,"block":{"attributes":{"bucket":{"type":"string","description_kind":"plain","required":true},"content_length":{"type":"number","description_kind":"plain","computed":true},"content_type":{"type":"string","description_kind":"plain","computed":true},"etag":{"type":"string","description_kind":"plain","computed":true},"id":{"type":"string","description_kind":"plain","optional":true,"computed":true},"metadata":{"type":["map","string"],"description_kind":"plain","computed":true},"namespace":{"type":"string","description_kind":"plain","required":true},"object":{"type":"string","description_kind":"plain","required":true}},"description_kind":"plain"}},"oci_objectstorage_object_lifecycle_policy":{"version":0,"block":{"attributes":{"bucket":{"type":"string","description_kind":"plain","required":true},"id":{"type":"string","description_kind":"plain","computed":true},"namespace":{"type":"string","description_kind":"plain","required":true},"rules":{"type":["list",["object",{"action":"string","is_enabled":"bool","name":"string","object_name_filter":["list",["object",{"exclusion_patterns":["list","string"],"inclusion_patterns":["list","string"],"inclusion_prefixes":["list","string"]}]],"target":"string","time_amount":"string","time_unit":"string"}]],"description_kind":"plain","computed":true},"time_created":{"type":"string","description_kind":"plain","computed":true}},"description_kind":"plain"}},"oci_objectstorage_object_versions":{"version":0,"block":{"attributes":{"bucket":{"type":"string","description_kind":"plain","required":true},"delimiter":{"type":"string","description_kind":"plain","optional":true},"end":{"type":"string","description_kind":"plain","optional":true},"fields":{"type":"string","description_kind":"plain","optional":true},"id":{"type":"string","description_kind":"plain","optional":true,"computed":true},"items":{"type":["list",["object",{"etag":"string","is_delete_marker":"bool","md5":"string","name":"string","size":"string","time_created":"string","time_modified":"string","version_id":"string"}]],"description_kind":"plain","computed":true},"namespace":{"type":"string","description_kind":"plain","required":true},"prefix":{"type":"string","description_kind":"plain","optional":true},"prefixes":{"type":["list","string"],"description_kind":"plain","computed":true},"start":{"type":"string","description_kind":"plain","optional":true},"start_after":{"type":"string","description_kind":"plain","optional":true}},"block_types":{"filter":{"nesting_mode":"set","block":{"attributes":{"name":{"type":"string","description_kind":"plain","required":true},"regex":{"type":"bool","description_kind":"plain","optional":true},"values":{"type":["list","string"],"description_kind":"plain","required":true}},"description_kind":"plain"}}},"description_kind":"plain"}},"oci_objectstorage_objects":{"version":0,"block":{"attributes":{"bucket":{"type":"string","description_kind":"plain","required":true},"delimiter":{"type":"string","description_kind":"plain","optional":true},"end":{"type":"string","description_kind":"plain","optional":true},"id":{"type":"string","description_kind":"plain","optional":true,"computed":true},"namespace":{"type":"string","description_kind":"plain","required":true},"objects":{"type":["list",["object",{"etag":"string","md5":"string","name":"string","size":"string","time_created":"string"}]],"description_kind":"plain","computed":true},"prefix":{"type":"string","description_kind":"plain","optional":true},"start":{"type":"string","description_kind":"plain","optional":true},"start_after":{"type":"string","description_kind":"plain","optional":true}},"block_types":{"filter":{"nesting_mode":"set","block":{"attributes":{"name":{"type":"string","description_kind":"plain","required":true},"regex":{"type":"bool","description_kind":"plain","optional":true},"values":{"type":["list","string"],"description_kind":"plain","required":true}},"description_kind":"plain"}}},"description_kind":"plain"}},"oci_objectstorage_preauthrequest":{"version":0,"block":{"attributes":{"access_type":{"type":"string","description_kind":"plain","computed":true},"access_uri":{"type":"string","description_kind":"plain","computed":true},"bucket":{"type":"string","description_kind":"plain","required":true},"id":{"type":"string","description_kind":"plain","computed":true},"name":{"type":"string","description_kind":"plain","computed":true},"namespace":{"type":"string","description_kind":"plain","required":true},"object":{"type":"string","description_kind":"plain","computed":true},"par_id":{"type":"string","description_kind":"plain","required":true},"time_created":{"type":"string","description_kind":"plain","computed":true},"time_expires":{"type":"string","description_kind":"plain","computed":true}},"description_kind":"plain"}},"oci_objectstorage_preauthrequests":{"version":0,"block":{"attributes":{"bucket":{"type":"string","description_kind":"plain","required":true},"id":{"type":"string","description_kind":"plain","optional":true,"computed":true},"namespace":{"type":"string","description_kind":"plain","required":true},"object_name_prefix":{"type":"string","description_kind":"plain","optional":true},"preauthenticated_requests":{"type":["list",["object",{"access_type":"string","access_uri":"string","bucket":"string","id":"string","name":"string","namespace":"string","object":"string","par_id":"string","time_created":"string","time_expires":"string"}]],"description_kind":"plain","computed":true}},"block_types":{"filter":{"nesting_mode":"set","block":{"attributes":{"name":{"type":"string","description_kind":"plain","required":true},"regex":{"type":"bool","description_kind":"plain","optional":true},"values":{"type":["list","string"],"description_kind":"plain","required":true}},"description_kind":"plain"}}},"description_kind":"plain"}},"oci_objectstorage_replication_policies":{"version":0,"block":{"attributes":{"bucket":{"type":"string","description_kind":"plain","required":true},"id":{"type":"string","description_kind":"plain","optional":true,"computed":true},"namespace":{"type":"string","description_kind":"plain","required":true},"replication_policies":{"type":["list",["object",{"bucket":"string","delete_object_in_destination_bucket":"string","destination_bucket_name":"string","destination_region_name":"string","id":"string","name":"string","namespace":"string","status":"string","status_message":"string","time_created":"string","time_last_sync":"string"}]],"description_kind":"plain","computed":true}},"block_types":{"filter":{"nesting_mode":"set","block":{"attributes":{"name":{"type":"string","description_kind":"plain","required":true},"regex":{"type":"bool","description_kind":"plain","optional":true},"values":{"type":["list","string"],"description_kind":"plain","required":true}},"description_kind":"plain"}}},"description_kind":"plain"}},"oci_objectstorage_replication_policy":{"version":0,"block":{"attributes":{"bucket":{"type":"string","description_kind":"plain","required":true},"delete_object_in_destination_bucket":{"type":"string","description_kind":"plain","computed":true},"destination_bucket_name":{"type":"string","description_kind":"plain","computed":true},"destination_region_name":{"type":"string","description_kind":"plain","computed":true},"id":{"type":"string","description_kind":"plain","computed":true},"name":{"type":"string","description_kind":"plain","computed":true},"namespace":{"type":"string","description_kind":"plain","required":true},"replication_id":{"type":"string","description_kind":"plain","required":true},"status":{"type":"string","description_kind":"plain","computed":true},"status_message":{"type":"string","description_kind":"plain","computed":true},"time_created":{"type":"string","description_kind":"plain","computed":true},"time_last_sync":{"type":"string","description_kind":"plain","computed":true}},"description_kind":"plain"}},"oci_objectstorage_replication_sources":{"version":0,"block":{"attributes":{"bucket":{"type":"string","description_kind":"plain","required":true},"id":{"type":"string","description_kind":"plain","optional":true,"computed":true},"namespace":{"type":"string","description_kind":"plain","required":true},"replication_sources":{"type":["list",["object",{"policy_name":"string","source_bucket_name":"string","source_region_name":"string"}]],"description_kind":"plain","computed":true}},"block_types":{"filter":{"nesting_mode":"set","block":{"attributes":{"name":{"type":"string","description_kind":"plain","required":true},"regex":{"type":"bool","description_kind":"plain","optional":true},"values":{"type":["list","string"],"description_kind":"plain","required":true}},"description_kind":"plain"}}},"description_kind":"plain"}},"oci_oce_oce_instance":{"version":0,"block":{"attributes":{"admin_email":{"type":"string","description_kind":"plain","computed":true},"compartment_id":{"type":"string","description_kind":"plain","computed":true},"defined_tags":{"type":["map","string"],"description_kind":"plain","computed":true},"description":{"type":"string","description_kind":"plain","computed":true},"freeform_tags":{"type":["map","string"],"description_kind":"plain","computed":true},"guid":{"type":"string","description_kind":"plain","computed":true},"id":{"type":"string","description_kind":"plain","computed":true},"idcs_access_token":{"type":"string","description_kind":"plain","computed":true,"sensitive":true},"idcs_tenancy":{"type":"string","description_kind":"plain","computed":true},"instance_access_type":{"type":"string","description_kind":"plain","computed":true},"instance_license_type":{"type":"string","description_kind":"plain","computed":true},"instance_usage_type":{"type":"string","description_kind":"plain","computed":true},"name":{"type":"string","description_kind":"plain","computed":true},"object_storage_namespace":{"type":"string","description_kind":"plain","computed":true},"oce_instance_id":{"type":"string","description_kind":"plain","required":true},"service":{"type":["map","string"],"description_kind":"plain","computed":true},"state":{"type":"string","description_kind":"plain","computed":true},"state_message":{"type":"string","description_kind":"plain","computed":true},"tenancy_id":{"type":"string","description_kind":"plain","computed":true},"tenancy_name":{"type":"string","description_kind":"plain","computed":true},"time_created":{"type":"string","description_kind":"plain","computed":true},"time_updated":{"type":"string","description_kind":"plain","computed":true},"upgrade_schedule":{"type":"string","description_kind":"plain","computed":true},"waf_primary_domain":{"type":"string","description_kind":"plain","computed":true}},"description_kind":"plain"}},"oci_oce_oce_instances":{"version":0,"block":{"attributes":{"compartment_id":{"type":"string","description_kind":"plain","required":true},"display_name":{"type":"string","description_kind":"plain","optional":true},"id":{"type":"string","description_kind":"plain","optional":true,"computed":true},"oce_instances":{"type":["list",["object",{"admin_email":"string","compartment_id":"string","defined_tags":["map","string"],"description":"string","freeform_tags":["map","string"],"guid":"string","id":"string","idcs_access_token":"string","idcs_tenancy":"string","instance_access_type":"string","instance_license_type":"string","instance_usage_type":"string","name":"string","object_storage_namespace":"string","service":["map","string"],"state":"string","state_message":"string","tenancy_id":"string","tenancy_name":"string","time_created":"string","time_updated":"string","upgrade_schedule":"string","waf_primary_domain":"string"}]],"description_kind":"plain","computed":true},"state":{"type":"string","description_kind":"plain","optional":true}},"block_types":{"filter":{"nesting_mode":"set","block":{"attributes":{"name":{"type":"string","description_kind":"plain","required":true},"regex":{"type":"bool","description_kind":"plain","optional":true},"values":{"type":["list","string"],"description_kind":"plain","required":true}},"description_kind":"plain"}}},"description_kind":"plain"}},"oci_ocvp_esxi_host":{"version":0,"block":{"attributes":{"compartment_id":{"type":"string","description_kind":"plain","computed":true},"compute_instance_id":{"type":"string","description_kind":"plain","computed":true},"defined_tags":{"type":["map","string"],"description_kind":"plain","computed":true},"display_name":{"type":"string","description_kind":"plain","computed":true},"esxi_host_id":{"type":"string","description_kind":"plain","required":true},"freeform_tags":{"type":["map","string"],"description_kind":"plain","computed":true},"id":{"type":"string","description_kind":"plain","computed":true},"sddc_id":{"type":"string","description_kind":"plain","computed":true},"state":{"type":"string","description_kind":"plain","computed":true},"time_created":{"type":"string","description_kind":"plain","computed":true},"time_updated":{"type":"string","description_kind":"plain","computed":true}},"description_kind":"plain"}},"oci_ocvp_esxi_hosts":{"version":0,"block":{"attributes":{"compute_instance_id":{"type":"string","description_kind":"plain","optional":true},"display_name":{"type":"string","description_kind":"plain","optional":true},"esxi_host_collection":{"type":["list",["object",{"compartment_id":"string","compute_instance_id":"string","defined_tags":["map","string"],"display_name":"string","freeform_tags":["map","string"],"id":"string","sddc_id":"string","state":"string","time_created":"string","time_updated":"string"}]],"description_kind":"plain","computed":true},"id":{"type":"string","description_kind":"plain","optional":true,"computed":true},"sddc_id":{"type":"string","description_kind":"plain","optional":true},"state":{"type":"string","description_kind":"plain","optional":true}},"block_types":{"filter":{"nesting_mode":"set","block":{"attributes":{"name":{"type":"string","description_kind":"plain","required":true},"regex":{"type":"bool","description_kind":"plain","optional":true},"values":{"type":["list","string"],"description_kind":"plain","required":true}},"description_kind":"plain"}}},"description_kind":"plain"}},"oci_ocvp_sddc":{"version":0,"block":{"attributes":{"actual_esxi_hosts_count":{"type":"number","description_kind":"plain","computed":true},"compartment_id":{"type":"string","description_kind":"plain","computed":true},"compute_availability_domain":{"type":"string","description_kind":"plain","computed":true},"defined_tags":{"type":["map","string"],"description_kind":"plain","computed":true},"display_name":{"type":"string","description_kind":"plain","computed":true},"esxi_hosts_count":{"type":"number","description_kind":"plain","computed":true},"freeform_tags":{"type":["map","string"],"description_kind":"plain","computed":true},"id":{"type":"string","description_kind":"plain","computed":true},"instance_display_name_prefix":{"type":"string","description_kind":"plain","computed":true},"nsx_edge_uplink1vlan_id":{"type":"string","description_kind":"plain","computed":true},"nsx_edge_uplink2vlan_id":{"type":"string","description_kind":"plain","computed":true},"nsx_edge_uplink_ip_id":{"type":"string","description_kind":"plain","computed":true},"nsx_edge_vtep_vlan_id":{"type":"string","description_kind":"plain","computed":true},"nsx_manager_fqdn":{"type":"string","description_kind":"plain","computed":true},"nsx_manager_initial_password":{"type":"string","description_kind":"plain","computed":true},"nsx_manager_private_ip_id":{"type":"string","description_kind":"plain","computed":true},"nsx_manager_username":{"type":"string","description_kind":"plain","computed":true},"nsx_overlay_segment_name":{"type":"string","description_kind":"plain","computed":true},"nsx_vtep_vlan_id":{"type":"string","description_kind":"plain","computed":true},"provisioning_subnet_id":{"type":"string","description_kind":"plain","computed":true},"sddc_id":{"type":"string","description_kind":"plain","required":true},"ssh_authorized_keys":{"type":"string","description_kind":"plain","computed":true},"state":{"type":"string","description_kind":"plain","computed":true},"time_created":{"type":"string","description_kind":"plain","computed":true},"time_updated":{"type":"string","description_kind":"plain","computed":true},"vcenter_fqdn":{"type":"string","description_kind":"plain","computed":true},"vcenter_initial_password":{"type":"string","description_kind":"plain","computed":true},"vcenter_private_ip_id":{"type":"string","description_kind":"plain","computed":true},"vcenter_username":{"type":"string","description_kind":"plain","computed":true},"vmotion_vlan_id":{"type":"string","description_kind":"plain","computed":true},"vmware_software_version":{"type":"string","description_kind":"plain","computed":true},"vsan_vlan_id":{"type":"string","description_kind":"plain","computed":true},"vsphere_vlan_id":{"type":"string","description_kind":"plain","computed":true},"workload_network_cidr":{"type":"string","description_kind":"plain","computed":true}},"description_kind":"plain"}},"oci_ocvp_sddcs":{"version":0,"block":{"attributes":{"compartment_id":{"type":"string","description_kind":"plain","required":true},"compute_availability_domain":{"type":"string","description_kind":"plain","optional":true},"display_name":{"type":"string","description_kind":"plain","optional":true},"id":{"type":"string","description_kind":"plain","optional":true,"computed":true},"sddc_collection":{"type":["list",["object",{"actual_esxi_hosts_count":"number","compartment_id":"string","compute_availability_domain":"string","defined_tags":["map","string"],"display_name":"string","esxi_hosts_count":"number","freeform_tags":["map","string"],"id":"string","instance_display_name_prefix":"string","nsx_edge_uplink1vlan_id":"string","nsx_edge_uplink2vlan_id":"string","nsx_edge_uplink_ip_id":"string","nsx_edge_vtep_vlan_id":"string","nsx_manager_fqdn":"string","nsx_manager_initial_password":"string","nsx_manager_private_ip_id":"string","nsx_manager_username":"string","nsx_overlay_segment_name":"string","nsx_vtep_vlan_id":"string","provisioning_subnet_id":"string","ssh_authorized_keys":"string","state":"string","time_created":"string","time_updated":"string","vcenter_fqdn":"string","vcenter_initial_password":"string","vcenter_private_ip_id":"string","vcenter_username":"string","vmotion_vlan_id":"string","vmware_software_version":"string","vsan_vlan_id":"string","vsphere_vlan_id":"string","workload_network_cidr":"string"}]],"description_kind":"plain","computed":true},"state":{"type":"string","description_kind":"plain","optional":true}},"block_types":{"filter":{"nesting_mode":"set","block":{"attributes":{"name":{"type":"string","description_kind":"plain","required":true},"regex":{"type":"bool","description_kind":"plain","optional":true},"values":{"type":["list","string"],"description_kind":"plain","required":true}},"description_kind":"plain"}}},"description_kind":"plain"}},"oci_ocvp_supported_vmware_software_versions":{"version":0,"block":{"attributes":{"compartment_id":{"type":"string","description_kind":"plain","required":true},"id":{"type":"string","description_kind":"plain","optional":true,"computed":true},"items":{"type":["list",["object",{"description":"string","version":"string"}]],"description_kind":"plain","computed":true}},"block_types":{"filter":{"nesting_mode":"set","block":{"attributes":{"name":{"type":"string","description_kind":"plain","required":true},"regex":{"type":"bool","description_kind":"plain","optional":true},"values":{"type":["list","string"],"description_kind":"plain","required":true}},"description_kind":"plain"}}},"description_kind":"plain"}},"oci_oda_oda_instance":{"version":0,"block":{"attributes":{"compartment_id":{"type":"string","description_kind":"plain","computed":true},"connector_url":{"type":"string","description_kind":"plain","computed":true},"defined_tags":{"type":["map","string"],"description_kind":"plain","computed":true},"description":{"type":"string","description_kind":"plain","computed":true},"display_name":{"type":"string","description_kind":"plain","computed":true},"freeform_tags":{"type":["map","string"],"description_kind":"plain","computed":true},"id":{"type":"string","description_kind":"plain","computed":true},"lifecycle_sub_state":{"type":"string","description_kind":"plain","computed":true},"oda_instance_id":{"type":"string","description_kind":"plain","required":true},"shape_name":{"type":"string","description_kind":"plain","computed":true},"state":{"type":"string","description_kind":"plain","computed":true},"state_message":{"type":"string","description_kind":"plain","computed":true},"time_created":{"type":"string","description_kind":"plain","computed":true},"time_updated":{"type":"string","description_kind":"plain","computed":true},"web_app_url":{"type":"string","description_kind":"plain","computed":true}},"description_kind":"plain"}},"oci_oda_oda_instances":{"version":0,"block":{"attributes":{"compartment_id":{"type":"string","description_kind":"plain","required":true},"display_name":{"type":"string","description_kind":"plain","optional":true},"id":{"type":"string","description_kind":"plain","optional":true,"computed":true},"oda_instances":{"type":["list",["object",{"compartment_id":"string","connector_url":"string","defined_tags":["map","string"],"description":"string","display_name":"string","freeform_tags":["map","string"],"id":"string","lifecycle_sub_state":"string","shape_name":"string","state":"string","state_message":"string","time_created":"string","time_updated":"string","web_app_url":"string"}]],"description_kind":"plain","computed":true},"state":{"type":"string","description_kind":"plain","optional":true}},"block_types":{"filter":{"nesting_mode":"set","block":{"attributes":{"name":{"type":"string","description_kind":"plain","required":true},"regex":{"type":"bool","description_kind":"plain","optional":true},"values":{"type":["list","string"],"description_kind":"plain","required":true}},"description_kind":"plain"}}},"description_kind":"plain"}},"oci_ons_notification_topic":{"version":0,"block":{"attributes":{"api_endpoint":{"type":"string","description_kind":"plain","computed":true},"compartment_id":{"type":"string","description_kind":"plain","computed":true},"defined_tags":{"type":["map","string"],"description_kind":"plain","computed":true},"description":{"type":"string","description_kind":"plain","computed":true},"etag":{"type":"string","description_kind":"plain","computed":true},"freeform_tags":{"type":["map","string"],"description_kind":"plain","computed":true},"id":{"type":"string","description_kind":"plain","computed":true},"name":{"type":"string","description_kind":"plain","computed":true},"state":{"type":"string","description_kind":"plain","computed":true},"time_created":{"type":"string","description_kind":"plain","computed":true},"topic_id":{"type":"string","description_kind":"plain","required":true}},"description_kind":"plain"}},"oci_ons_notification_topics":{"version":0,"block":{"attributes":{"compartment_id":{"type":"string","description_kind":"plain","required":true},"id":{"type":"string","description_kind":"plain","optional":true},"name":{"type":"string","description_kind":"plain","optional":true},"notification_topics":{"type":["list",["object",{"api_endpoint":"string","compartment_id":"string","defined_tags":["map","string"],"description":"string","etag":"string","freeform_tags":["map","string"],"id":"string","name":"string","state":"string","time_created":"string","topic_id":"string"}]],"description_kind":"plain","computed":true},"state":{"type":"string","description_kind":"plain","optional":true}},"block_types":{"filter":{"nesting_mode":"set","block":{"attributes":{"name":{"type":"string","description_kind":"plain","required":true},"regex":{"type":"bool","description_kind":"plain","optional":true},"values":{"type":["list","string"],"description_kind":"plain","required":true}},"description_kind":"plain"}}},"description_kind":"plain"}},"oci_ons_subscription":{"version":0,"block":{"attributes":{"compartment_id":{"type":"string","description_kind":"plain","computed":true},"created_time":{"type":"string","description_kind":"plain","computed":true},"defined_tags":{"type":["map","string"],"description_kind":"plain","computed":true},"delivery_policy":{"type":"string","description_kind":"plain","computed":true},"endpoint":{"type":"string","description_kind":"plain","computed":true},"etag":{"type":"string","description_kind":"plain","computed":true},"freeform_tags":{"type":["map","string"],"description_kind":"plain","computed":true},"id":{"type":"string","description_kind":"plain","computed":true},"protocol":{"type":"string","description_kind":"plain","computed":true},"state":{"type":"string","description_kind":"plain","computed":true},"subscription_id":{"type":"string","description_kind":"plain","required":true},"topic_id":{"type":"string","description_kind":"plain","computed":true}},"description_kind":"plain"}},"oci_ons_subscriptions":{"version":0,"block":{"attributes":{"compartment_id":{"type":"string","description_kind":"plain","required":true},"id":{"type":"string","description_kind":"plain","optional":true,"computed":true},"subscriptions":{"type":["list",["object",{"compartment_id":"string","created_time":"string","defined_tags":["map","string"],"delivery_policy":["list",["object",{"backoff_retry_policy":["list",["object",{"max_retry_duration":"number","policy_type":"string"}]]}]],"endpoint":"string","etag":"string","freeform_tags":["map","string"],"id":"string","protocol":"string","state":"string","topic_id":"string"}]],"description_kind":"plain","computed":true},"topic_id":{"type":"string","description_kind":"plain","optional":true}},"block_types":{"filter":{"nesting_mode":"set","block":{"attributes":{"name":{"type":"string","description_kind":"plain","required":true},"regex":{"type":"bool","description_kind":"plain","optional":true},"values":{"type":["list","string"],"description_kind":"plain","required":true}},"description_kind":"plain"}}},"description_kind":"plain"}},"oci_osmanagement_managed_instance":{"version":0,"block":{"attributes":{"child_software_sources":{"type":["list",["object",{"id":"string","name":"string"}]],"description_kind":"plain","computed":true},"compartment_id":{"type":"string","description_kind":"plain","computed":true},"description":{"type":"string","description_kind":"plain","computed":true},"display_name":{"type":"string","description_kind":"plain","computed":true},"id":{"type":"string","description_kind":"plain","optional":true,"computed":true},"is_reboot_required":{"type":"bool","description_kind":"plain","computed":true},"last_boot":{"type":"string","description_kind":"plain","computed":true},"last_checkin":{"type":"string","description_kind":"plain","computed":true},"managed_instance_groups":{"type":["list",["object",{"display_name":"string","id":"string"}]],"description_kind":"plain","computed":true},"managed_instance_id":{"type":"string","description_kind":"plain","required":true},"os_family":{"type":"string","description_kind":"plain","computed":true},"os_kernel_version":{"type":"string","description_kind":"plain","computed":true},"os_name":{"type":"string","description_kind":"plain","computed":true},"os_version":{"type":"string","description_kind":"plain","computed":true},"parent_software_source":{"type":["list",["object",{"id":"string","name":"string"}]],"description_kind":"plain","computed":true},"status":{"type":"string","description_kind":"plain","computed":true},"updates_available":{"type":"number","description_kind":"plain","computed":true}},"description_kind":"plain"}},"oci_osmanagement_managed_instance_group":{"version":0,"block":{"attributes":{"compartment_id":{"type":"string","description_kind":"plain","computed":true},"defined_tags":{"type":["map","string"],"description_kind":"plain","computed":true},"description":{"type":"string","description_kind":"plain","computed":true},"display_name":{"type":"string","description_kind":"plain","computed":true},"freeform_tags":{"type":["map","string"],"description_kind":"plain","computed":true},"id":{"type":"string","description_kind":"plain","computed":true},"managed_instance_count":{"type":"number","description_kind":"plain","computed":true},"managed_instance_group_id":{"type":"string","description_kind":"plain","required":true},"managed_instances":{"type":["list",["object",{"display_name":"string","id":"string"}]],"description_kind":"plain","computed":true},"os_family":{"type":"string","description_kind":"plain","computed":true},"state":{"type":"string","description_kind":"plain","computed":true}},"description_kind":"plain"}},"oci_osmanagement_managed_instance_groups":{"version":0,"block":{"attributes":{"compartment_id":{"type":"string","description_kind":"plain","required":true},"display_name":{"type":"string","description_kind":"plain","optional":true},"id":{"type":"string","description_kind":"plain","optional":true,"computed":true},"managed_instance_groups":{"type":["list",["object",{"compartment_id":"string","defined_tags":["map","string"],"description":"string","display_name":"string","freeform_tags":["map","string"],"id":"string","managed_instance_count":"number","managed_instances":["list",["object",{"display_name":"string","id":"string"}]],"os_family":"string","state":"string"}]],"description_kind":"plain","computed":true},"os_family":{"type":"string","description_kind":"plain","optional":true},"state":{"type":"string","description_kind":"plain","optional":true}},"block_types":{"filter":{"nesting_mode":"set","block":{"attributes":{"name":{"type":"string","description_kind":"plain","required":true},"regex":{"type":"bool","description_kind":"plain","optional":true},"values":{"type":["list","string"],"description_kind":"plain","required":true}},"description_kind":"plain"}}},"description_kind":"plain"}},"oci_osmanagement_managed_instances":{"version":0,"block":{"attributes":{"compartment_id":{"type":"string","description_kind":"plain","required":true},"display_name":{"type":"string","description_kind":"plain","optional":true},"id":{"type":"string","description_kind":"plain","optional":true,"computed":true},"managed_instances":{"type":["list",["object",{"child_software_sources":["list",["object",{"id":"string","name":"string"}]],"compartment_id":"string","description":"string","display_name":"string","id":"string","is_reboot_required":"bool","last_boot":"string","last_checkin":"string","managed_instance_groups":["list",["object",{"display_name":"string","id":"string"}]],"os_family":"string","os_kernel_version":"string","os_name":"string","os_version":"string","parent_software_source":["list",["object",{"id":"string","name":"string"}]],"status":"string","updates_available":"number"}]],"description_kind":"plain","computed":true},"os_family":{"type":"string","description_kind":"plain","optional":true}},"block_types":{"filter":{"nesting_mode":"set","block":{"attributes":{"name":{"type":"string","description_kind":"plain","required":true},"regex":{"type":"bool","description_kind":"plain","optional":true},"values":{"type":["list","string"],"description_kind":"plain","required":true}},"description_kind":"plain"}}},"description_kind":"plain"}},"oci_osmanagement_software_source":{"version":0,"block":{"attributes":{"arch_type":{"type":"string","description_kind":"plain","computed":true},"associated_managed_instances":{"type":["list",["object",{"display_name":"string","id":"string"}]],"description_kind":"plain","computed":true},"checksum_type":{"type":"string","description_kind":"plain","computed":true},"compartment_id":{"type":"string","description_kind":"plain","computed":true},"defined_tags":{"type":["map","string"],"description_kind":"plain","computed":true},"description":{"type":"string","description_kind":"plain","computed":true},"display_name":{"type":"string","description_kind":"plain","computed":true},"freeform_tags":{"type":["map","string"],"description_kind":"plain","computed":true},"gpg_key_fingerprint":{"type":"string","description_kind":"plain","computed":true},"gpg_key_id":{"type":"string","description_kind":"plain","computed":true},"gpg_key_url":{"type":"string","description_kind":"plain","computed":true},"id":{"type":"string","description_kind":"plain","computed":true},"maintainer_email":{"type":"string","description_kind":"plain","computed":true},"maintainer_name":{"type":"string","description_kind":"plain","computed":true},"maintainer_phone":{"type":"string","description_kind":"plain","computed":true},"packages":{"type":"number","description_kind":"plain","computed":true},"parent_id":{"type":"string","description_kind":"plain","computed":true},"parent_name":{"type":"string","description_kind":"plain","computed":true},"repo_type":{"type":"string","description_kind":"plain","computed":true},"software_source_id":{"type":"string","description_kind":"plain","required":true},"state":{"type":"string","description_kind":"plain","computed":true},"status":{"type":"string","description_kind":"plain","computed":true},"url":{"type":"string","description_kind":"plain","computed":true}},"description_kind":"plain"}},"oci_osmanagement_software_sources":{"version":0,"block":{"attributes":{"compartment_id":{"type":"string","description_kind":"plain","required":true},"display_name":{"type":"string","description_kind":"plain","optional":true},"id":{"type":"string","description_kind":"plain","optional":true,"computed":true},"software_sources":{"type":["list",["object",{"arch_type":"string","associated_managed_instances":["list",["object",{"display_name":"string","id":"string"}]],"checksum_type":"string","compartment_id":"string","defined_tags":["map","string"],"description":"string","display_name":"string","freeform_tags":["map","string"],"gpg_key_fingerprint":"string","gpg_key_id":"string","gpg_key_url":"string","id":"string","maintainer_email":"string","maintainer_name":"string","maintainer_phone":"string","packages":"number","parent_id":"string","parent_name":"string","repo_type":"string","state":"string","status":"string","url":"string"}]],"description_kind":"plain","computed":true},"state":{"type":"string","description_kind":"plain","optional":true}},"block_types":{"filter":{"nesting_mode":"set","block":{"attributes":{"name":{"type":"string","description_kind":"plain","required":true},"regex":{"type":"bool","description_kind":"plain","optional":true},"values":{"type":["list","string"],"description_kind":"plain","required":true}},"description_kind":"plain"}}},"description_kind":"plain"}},"oci_resourcemanager_stack":{"version":0,"block":{"attributes":{"compartment_id":{"type":"string","description_kind":"plain","computed":true},"config_source":{"type":["list",["object",{"config_source_type":"string","working_directory":"string","zip_file_base64encoded":"string"}]],"description_kind":"plain","computed":true},"defined_tags":{"type":["map","string"],"description_kind":"plain","computed":true},"description":{"type":"string","description_kind":"plain","computed":true},"display_name":{"type":"string","description_kind":"plain","computed":true},"freeform_tags":{"type":["map","string"],"description_kind":"plain","computed":true},"id":{"type":"string","description_kind":"plain","optional":true,"computed":true},"stack_id":{"type":"string","description_kind":"plain","required":true},"state":{"type":"string","description_kind":"plain","computed":true},"time_created":{"type":"string","description_kind":"plain","computed":true},"variables":{"type":["map","string"],"description_kind":"plain","computed":true}},"description_kind":"plain"}},"oci_resourcemanager_stack_tf_state":{"version":0,"block":{"attributes":{"id":{"type":"string","description_kind":"plain","optional":true,"computed":true},"local_path":{"type":"string","description_kind":"plain","required":true},"stack_id":{"type":"string","description_kind":"plain","required":true}},"description_kind":"plain"}},"oci_resourcemanager_stacks":{"version":0,"block":{"attributes":{"compartment_id":{"type":"string","description_kind":"plain","required":true},"display_name":{"type":"string","description_kind":"plain","optional":true},"id":{"type":"string","description_kind":"plain","optional":true},"stacks":{"type":["list",["object",{"compartment_id":"string","config_source":["list",["object",{"config_source_type":"string","working_directory":"string","zip_file_base64encoded":"string"}]],"defined_tags":["map","string"],"description":"string","display_name":"string","freeform_tags":["map","string"],"id":"string","state":"string","time_created":"string","variables":["map","string"]}]],"description_kind":"plain","computed":true},"state":{"type":"string","description_kind":"plain","optional":true}},"block_types":{"filter":{"nesting_mode":"set","block":{"attributes":{"name":{"type":"string","description_kind":"plain","required":true},"regex":{"type":"bool","description_kind":"plain","optional":true},"values":{"type":["list","string"],"description_kind":"plain","required":true}},"description_kind":"plain"}}},"description_kind":"plain"}},"oci_sch_service_connector":{"version":0,"block":{"attributes":{"compartment_id":{"type":"string","description_kind":"plain","computed":true},"defined_tags":{"type":["map","string"],"description_kind":"plain","computed":true},"description":{"type":"string","description_kind":"plain","computed":true},"display_name":{"type":"string","description_kind":"plain","computed":true},"freeform_tags":{"type":["map","string"],"description_kind":"plain","computed":true},"id":{"type":"string","description_kind":"plain","computed":true},"lifecyle_details":{"type":"string","description_kind":"plain","computed":true},"service_connector_id":{"type":"string","description_kind":"plain","required":true},"source":{"type":["list",["object",{"kind":"string","log_sources":["list",["object",{"compartment_id":"string","log_group_id":"string","log_id":"string"}]]}]],"description_kind":"plain","computed":true},"state":{"type":"string","description_kind":"plain","computed":true},"system_tags":{"type":["map","string"],"description_kind":"plain","computed":true},"target":{"type":["list",["object",{"bucket":"string","compartment_id":"string","function_id":"string","kind":"string","metric":"string","metric_namespace":"string","namespace":"string","object_name_prefix":"string","stream_id":"string","topic_id":"string"}]],"description_kind":"plain","computed":true},"tasks":{"type":["list",["object",{"condition":"string","kind":"string"}]],"description_kind":"plain","computed":true},"time_created":{"type":"string","description_kind":"plain","computed":true},"time_updated":{"type":"string","description_kind":"plain","computed":true}},"description_kind":"plain"}},"oci_sch_service_connectors":{"version":0,"block":{"attributes":{"compartment_id":{"type":"string","description_kind":"plain","required":true},"display_name":{"type":"string","description_kind":"plain","optional":true},"id":{"type":"string","description_kind":"plain","optional":true,"computed":true},"service_connector_collection":{"type":["list",["object",{"items":["list",["object",{"compartment_id":"string","defined_tags":["map","string"],"description":"string","display_name":"string","freeform_tags":["map","string"],"id":"string","lifecyle_details":"string","source":["list",["object",{"kind":"string","log_sources":["list",["object",{"compartment_id":"string","log_group_id":"string","log_id":"string"}]]}]],"state":"string","system_tags":["map","string"],"target":["list",["object",{"bucket":"string","compartment_id":"string","function_id":"string","kind":"string","metric":"string","metric_namespace":"string","namespace":"string","object_name_prefix":"string","stream_id":"string","topic_id":"string"}]],"tasks":["list",["object",{"condition":"string","kind":"string"}]],"time_created":"string","time_updated":"string"}]]}]],"description_kind":"plain","computed":true},"state":{"type":"string","description_kind":"plain","optional":true}},"block_types":{"filter":{"nesting_mode":"set","block":{"attributes":{"name":{"type":"string","description_kind":"plain","required":true},"regex":{"type":"bool","description_kind":"plain","optional":true},"values":{"type":["list","string"],"description_kind":"plain","required":true}},"description_kind":"plain"}}},"description_kind":"plain"}},"oci_streaming_connect_harness":{"version":0,"block":{"attributes":{"compartment_id":{"type":"string","description_kind":"plain","computed":true},"connect_harness_id":{"type":"string","description_kind":"plain","required":true},"defined_tags":{"type":["map","string"],"description_kind":"plain","computed":true},"freeform_tags":{"type":["map","string"],"description_kind":"plain","computed":true},"id":{"type":"string","description_kind":"plain","computed":true},"lifecycle_state_details":{"type":"string","description_kind":"plain","computed":true},"name":{"type":"string","description_kind":"plain","computed":true},"state":{"type":"string","description_kind":"plain","computed":true},"time_created":{"type":"string","description_kind":"plain","computed":true}},"description_kind":"plain"}},"oci_streaming_connect_harnesses":{"version":0,"block":{"attributes":{"compartment_id":{"type":"string","description_kind":"plain","required":true},"connect_harness":{"type":["list",["object",{"compartment_id":"string","defined_tags":["map","string"],"freeform_tags":["map","string"],"id":"string","lifecycle_state_details":"string","name":"string","state":"string","time_created":"string"}]],"description_kind":"plain","computed":true},"id":{"type":"string","description_kind":"plain","optional":true},"name":{"type":"string","description_kind":"plain","optional":true},"state":{"type":"string","description_kind":"plain","optional":true}},"block_types":{"filter":{"nesting_mode":"set","block":{"attributes":{"name":{"type":"string","description_kind":"plain","required":true},"regex":{"type":"bool","description_kind":"plain","optional":true},"values":{"type":["list","string"],"description_kind":"plain","required":true}},"description_kind":"plain"}}},"description_kind":"plain"}},"oci_streaming_stream":{"version":0,"block":{"attributes":{"compartment_id":{"type":"string","description_kind":"plain","computed":true},"defined_tags":{"type":["map","string"],"description_kind":"plain","computed":true},"freeform_tags":{"type":["map","string"],"description_kind":"plain","computed":true},"id":{"type":"string","description_kind":"plain","computed":true},"lifecycle_state_details":{"type":"string","description_kind":"plain","computed":true},"messages_endpoint":{"type":"string","description_kind":"plain","computed":true},"name":{"type":"string","description_kind":"plain","computed":true},"partitions":{"type":"number","description_kind":"plain","computed":true},"retention_in_hours":{"type":"number","description_kind":"plain","computed":true},"state":{"type":"string","description_kind":"plain","computed":true},"stream_id":{"type":"string","description_kind":"plain","required":true},"stream_pool_id":{"type":"string","description_kind":"plain","computed":true},"time_created":{"type":"string","description_kind":"plain","computed":true}},"description_kind":"plain"}},"oci_streaming_stream_pool":{"version":0,"block":{"attributes":{"compartment_id":{"type":"string","description_kind":"plain","computed":true},"custom_encryption_key":{"type":["list",["object",{"key_state":"string","kms_key_id":"string"}]],"description_kind":"plain","computed":true},"defined_tags":{"type":["map","string"],"description_kind":"plain","computed":true},"endpoint_fqdn":{"type":"string","description_kind":"plain","computed":true},"freeform_tags":{"type":["map","string"],"description_kind":"plain","computed":true},"id":{"type":"string","description_kind":"plain","computed":true},"is_private":{"type":"bool","description_kind":"plain","computed":true},"kafka_settings":{"type":["list",["object",{"auto_create_topics_enable":"bool","bootstrap_servers":"string","log_retention_hours":"number","num_partitions":"number"}]],"description_kind":"plain","computed":true},"lifecycle_state_details":{"type":"string","description_kind":"plain","computed":true},"name":{"type":"string","description_kind":"plain","computed":true},"private_endpoint_settings":{"type":["list",["object",{"nsg_ids":["list","string"],"private_endpoint_ip":"string","subnet_id":"string"}]],"description_kind":"plain","computed":true},"state":{"type":"string","description_kind":"plain","computed":true},"stream_pool_id":{"type":"string","description_kind":"plain","required":true},"time_created":{"type":"string","description_kind":"plain","computed":true}},"description_kind":"plain"}},"oci_streaming_stream_pools":{"version":0,"block":{"attributes":{"compartment_id":{"type":"string","description_kind":"plain","required":true},"id":{"type":"string","description_kind":"plain","optional":true},"name":{"type":"string","description_kind":"plain","optional":true},"state":{"type":"string","description_kind":"plain","optional":true},"stream_pools":{"type":["list",["object",{"compartment_id":"string","custom_encryption_key":["list",["object",{"key_state":"string","kms_key_id":"string"}]],"defined_tags":["map","string"],"endpoint_fqdn":"string","freeform_tags":["map","string"],"id":"string","is_private":"bool","kafka_settings":["list",["object",{"auto_create_topics_enable":"bool","bootstrap_servers":"string","log_retention_hours":"number","num_partitions":"number"}]],"lifecycle_state_details":"string","name":"string","private_endpoint_settings":["list",["object",{"nsg_ids":["list","string"],"private_endpoint_ip":"string","subnet_id":"string"}]],"state":"string","time_created":"string"}]],"description_kind":"plain","computed":true}},"block_types":{"filter":{"nesting_mode":"set","block":{"attributes":{"name":{"type":"string","description_kind":"plain","required":true},"regex":{"type":"bool","description_kind":"plain","optional":true},"values":{"type":["list","string"],"description_kind":"plain","required":true}},"description_kind":"plain"}}},"description_kind":"plain"}},"oci_streaming_streams":{"version":0,"block":{"attributes":{"compartment_id":{"type":"string","description_kind":"plain","optional":true},"id":{"type":"string","description_kind":"plain","optional":true},"name":{"type":"string","description_kind":"plain","optional":true},"state":{"type":"string","description_kind":"plain","optional":true},"stream_pool_id":{"type":"string","description_kind":"plain","optional":true},"streams":{"type":["list",["object",{"compartment_id":"string","defined_tags":["map","string"],"freeform_tags":["map","string"],"id":"string","lifecycle_state_details":"string","messages_endpoint":"string","name":"string","partitions":"number","retention_in_hours":"number","state":"string","stream_pool_id":"string","time_created":"string"}]],"description_kind":"plain","computed":true}},"block_types":{"filter":{"nesting_mode":"set","block":{"attributes":{"name":{"type":"string","description_kind":"plain","required":true},"regex":{"type":"bool","description_kind":"plain","optional":true},"values":{"type":["list","string"],"description_kind":"plain","required":true}},"description_kind":"plain"}}},"description_kind":"plain"}},"oci_vault_secret":{"version":0,"block":{"attributes":{"compartment_id":{"type":"string","description_kind":"plain","computed":true},"current_version_number":{"type":"string","description_kind":"plain","computed":true},"defined_tags":{"type":["map","string"],"description_kind":"plain","computed":true},"description":{"type":"string","description_kind":"plain","computed":true},"freeform_tags":{"type":["map","string"],"description_kind":"plain","computed":true},"id":{"type":"string","description_kind":"plain","optional":true,"computed":true},"key_id":{"type":"string","description_kind":"plain","computed":true},"lifecycle_details":{"type":"string","description_kind":"plain","computed":true},"metadata":{"type":["map","string"],"description_kind":"plain","computed":true},"secret_id":{"type":"string","description_kind":"plain","required":true},"secret_name":{"type":"string","description_kind":"plain","computed":true},"secret_rules":{"type":["list",["object",{"is_enforced_on_deleted_secret_versions":"bool","is_secret_content_retrieval_blocked_on_expiry":"bool","rule_type":"string","secret_version_expiry_interval":"string","time_of_absolute_expiry":"string"}]],"description_kind":"plain","computed":true},"state":{"type":"string","description_kind":"plain","computed":true},"time_created":{"type":"string","description_kind":"plain","computed":true},"time_of_current_version_expiry":{"type":"string","description_kind":"plain","computed":true},"time_of_deletion":{"type":"string","description_kind":"plain","computed":true},"vault_id":{"type":"string","description_kind":"plain","computed":true}},"description_kind":"plain"}},"oci_vault_secret_version":{"version":0,"block":{"attributes":{"content_type":{"type":"string","description_kind":"plain","computed":true},"id":{"type":"string","description_kind":"plain","optional":true,"computed":true},"name":{"type":"string","description_kind":"plain","computed":true},"secret_id":{"type":"string","description_kind":"plain","required":true},"secret_version_number":{"type":"string","description_kind":"plain","required":true},"stages":{"type":["list","string"],"description_kind":"plain","computed":true},"time_created":{"type":"string","description_kind":"plain","computed":true},"time_of_current_version_expiry":{"type":"string","description_kind":"plain","computed":true},"time_of_deletion":{"type":"string","description_kind":"plain","computed":true},"version_number":{"type":"string","description_kind":"plain","computed":true}},"description_kind":"plain"}},"oci_vault_secrets":{"version":0,"block":{"attributes":{"compartment_id":{"type":"string","description_kind":"plain","required":true},"id":{"type":"string","description_kind":"plain","optional":true,"computed":true},"name":{"type":"string","description_kind":"plain","optional":true},"secrets":{"type":["list",["object",{"compartment_id":"string","defined_tags":["map","string"],"description":"string","freeform_tags":["map","string"],"id":"string","key_id":"string","lifecycle_details":"string","secret_name":"string","state":"string","time_created":"string","time_of_current_version_expiry":"string","time_of_deletion":"string","vault_id":"string"}]],"description_kind":"plain","computed":true},"state":{"type":"string","description_kind":"plain","optional":true},"vault_id":{"type":"string","description_kind":"plain","optional":true}},"block_types":{"filter":{"nesting_mode":"set","block":{"attributes":{"name":{"type":"string","description_kind":"plain","required":true},"regex":{"type":"bool","description_kind":"plain","optional":true},"values":{"type":["list","string"],"description_kind":"plain","required":true}},"description_kind":"plain"}}},"description_kind":"plain"}},"oci_waas_address_list":{"version":0,"block":{"attributes":{"address_count":{"type":"number","description_kind":"plain","computed":true},"address_list_id":{"type":"string","description_kind":"plain","required":true},"addresses":{"type":["list","string"],"description_kind":"plain","computed":true},"compartment_id":{"type":"string","description_kind":"plain","computed":true},"defined_tags":{"type":["map","string"],"description_kind":"plain","computed":true},"display_name":{"type":"string","description_kind":"plain","computed":true},"freeform_tags":{"type":["map","string"],"description_kind":"plain","computed":true},"id":{"type":"string","description_kind":"plain","computed":true},"state":{"type":"string","description_kind":"plain","computed":true},"time_created":{"type":"string","description_kind":"plain","computed":true}},"description_kind":"plain"}},"oci_waas_address_lists":{"version":0,"block":{"attributes":{"address_lists":{"type":["list",["object",{"address_count":"number","addresses":["list","string"],"compartment_id":"string","defined_tags":["map","string"],"display_name":"string","freeform_tags":["map","string"],"id":"string","state":"string","time_created":"string"}]],"description_kind":"plain","computed":true},"compartment_id":{"type":"string","description_kind":"plain","required":true},"id":{"type":"string","description_kind":"plain","optional":true,"computed":true},"ids":{"type":["list","string"],"description_kind":"plain","optional":true},"names":{"type":["list","string"],"description_kind":"plain","optional":true},"states":{"type":["list","string"],"description_kind":"plain","optional":true},"time_created_greater_than_or_equal_to":{"type":"string","description_kind":"plain","optional":true},"time_created_less_than":{"type":"string","description_kind":"plain","optional":true}},"block_types":{"filter":{"nesting_mode":"set","block":{"attributes":{"name":{"type":"string","description_kind":"plain","required":true},"regex":{"type":"bool","description_kind":"plain","optional":true},"values":{"type":["list","string"],"description_kind":"plain","required":true}},"description_kind":"plain"}}},"description_kind":"plain"}},"oci_waas_certificate":{"version":0,"block":{"attributes":{"certificate_data":{"type":"string","description_kind":"plain","computed":true},"certificate_id":{"type":"string","description_kind":"plain","required":true},"compartment_id":{"type":"string","description_kind":"plain","computed":true},"defined_tags":{"type":["map","string"],"description_kind":"plain","computed":true},"display_name":{"type":"string","description_kind":"plain","computed":true},"extensions":{"type":["list",["object",{"is_critical":"bool","name":"string","value":"string"}]],"description_kind":"plain","computed":true},"freeform_tags":{"type":["map","string"],"description_kind":"plain","computed":true},"id":{"type":"string","description_kind":"plain","computed":true},"is_trust_verification_disabled":{"type":"bool","description_kind":"plain","computed":true},"issued_by":{"type":"string","description_kind":"plain","computed":true},"issuer_name":{"type":["list",["object",{"common_name":"string","country":"string","email_address":"string","locality":"string","organization":"string","organizational_unit":"string","state_province":"string"}]],"description_kind":"plain","computed":true},"private_key_data":{"type":"string","description_kind":"plain","computed":true,"sensitive":true},"public_key_info":{"type":["list",["object",{"algorithm":"string","exponent":"number","key_size":"number"}]],"description_kind":"plain","computed":true},"serial_number":{"type":"string","description_kind":"plain","computed":true},"signature_algorithm":{"type":"string","description_kind":"plain","computed":true},"state":{"type":"string","description_kind":"plain","computed":true},"subject_name":{"type":["list",["object",{"common_name":"string","country":"string","email_address":"string","locality":"string","organization":"string","organizational_unit":"string","state_province":"string"}]],"description_kind":"plain","computed":true},"time_created":{"type":"string","description_kind":"plain","computed":true},"time_not_valid_after":{"type":"string","description_kind":"plain","computed":true},"time_not_valid_before":{"type":"string","description_kind":"plain","computed":true},"version":{"type":"number","description_kind":"plain","computed":true}},"description_kind":"plain"}},"oci_waas_certificates":{"version":0,"block":{"attributes":{"certificates":{"type":["list",["object",{"certificate_data":"string","compartment_id":"string","defined_tags":["map","string"],"display_name":"string","extensions":["list",["object",{"is_critical":"bool","name":"string","value":"string"}]],"freeform_tags":["map","string"],"id":"string","is_trust_verification_disabled":"bool","issued_by":"string","issuer_name":["list",["object",{"common_name":"string","country":"string","email_address":"string","locality":"string","organization":"string","organizational_unit":"string","state_province":"string"}]],"private_key_data":"string","public_key_info":["list",["object",{"algorithm":"string","exponent":"number","key_size":"number"}]],"serial_number":"string","signature_algorithm":"string","state":"string","subject_name":["list",["object",{"common_name":"string","country":"string","email_address":"string","locality":"string","organization":"string","organizational_unit":"string","state_province":"string"}]],"time_created":"string","time_not_valid_after":"string","time_not_valid_before":"string","version":"number"}]],"description_kind":"plain","computed":true},"compartment_id":{"type":"string","description_kind":"plain","required":true},"display_names":{"type":["list","string"],"description_kind":"plain","optional":true},"id":{"type":"string","description_kind":"plain","optional":true,"computed":true},"ids":{"type":["list","string"],"description_kind":"plain","optional":true},"states":{"type":["list","string"],"description_kind":"plain","optional":true},"time_created_greater_than_or_equal_to":{"type":"string","description_kind":"plain","optional":true},"time_created_less_than":{"type":"string","description_kind":"plain","optional":true}},"block_types":{"filter":{"nesting_mode":"set","block":{"attributes":{"name":{"type":"string","description_kind":"plain","required":true},"regex":{"type":"bool","description_kind":"plain","optional":true},"values":{"type":["list","string"],"description_kind":"plain","required":true}},"description_kind":"plain"}}},"description_kind":"plain"}},"oci_waas_custom_protection_rule":{"version":0,"block":{"attributes":{"compartment_id":{"type":"string","description_kind":"plain","computed":true},"custom_protection_rule_id":{"type":"string","description_kind":"plain","required":true},"defined_tags":{"type":["map","string"],"description_kind":"plain","computed":true},"description":{"type":"string","description_kind":"plain","computed":true},"display_name":{"type":"string","description_kind":"plain","computed":true},"freeform_tags":{"type":["map","string"],"description_kind":"plain","computed":true},"id":{"type":"string","description_kind":"plain","computed":true},"mod_security_rule_ids":{"type":["list","string"],"description_kind":"plain","computed":true},"state":{"type":"string","description_kind":"plain","computed":true},"template":{"type":"string","description_kind":"plain","computed":true},"time_created":{"type":"string","description_kind":"plain","computed":true}},"description_kind":"plain"}},"oci_waas_custom_protection_rules":{"version":0,"block":{"attributes":{"compartment_id":{"type":"string","description_kind":"plain","required":true},"custom_protection_rules":{"type":["list",["object",{"compartment_id":"string","defined_tags":["map","string"],"description":"string","display_name":"string","freeform_tags":["map","string"],"id":"string","mod_security_rule_ids":["list","string"],"state":"string","template":"string","time_created":"string"}]],"description_kind":"plain","computed":true},"display_names":{"type":["list","string"],"description_kind":"plain","optional":true},"id":{"type":"string","description_kind":"plain","optional":true,"computed":true},"ids":{"type":["list","string"],"description_kind":"plain","optional":true},"states":{"type":["list","string"],"description_kind":"plain","optional":true},"time_created_greater_than_or_equal_to":{"type":"string","description_kind":"plain","optional":true},"time_created_less_than":{"type":"string","description_kind":"plain","optional":true}},"block_types":{"filter":{"nesting_mode":"set","block":{"attributes":{"name":{"type":"string","description_kind":"plain","required":true},"regex":{"type":"bool","description_kind":"plain","optional":true},"values":{"type":["list","string"],"description_kind":"plain","required":true}},"description_kind":"plain"}}},"description_kind":"plain"}},"oci_waas_edge_subnets":{"version":0,"block":{"attributes":{"edge_subnets":{"type":["list",["object",{"cidr":"string","region":"string","time_modified":"string"}]],"description_kind":"plain","computed":true},"id":{"type":"string","description_kind":"plain","optional":true,"computed":true}},"block_types":{"filter":{"nesting_mode":"set","block":{"attributes":{"name":{"type":"string","description_kind":"plain","required":true},"regex":{"type":"bool","description_kind":"plain","optional":true},"values":{"type":["list","string"],"description_kind":"plain","required":true}},"description_kind":"plain"}}},"description_kind":"plain"}},"oci_waas_http_redirect":{"version":0,"block":{"attributes":{"compartment_id":{"type":"string","description_kind":"plain","computed":true},"defined_tags":{"type":["map","string"],"description_kind":"plain","computed":true},"display_name":{"type":"string","description_kind":"plain","computed":true},"domain":{"type":"string","description_kind":"plain","computed":true},"freeform_tags":{"type":["map","string"],"description_kind":"plain","computed":true},"http_redirect_id":{"type":"string","description_kind":"plain","required":true},"id":{"type":"string","description_kind":"plain","computed":true},"response_code":{"type":"number","description_kind":"plain","computed":true},"state":{"type":"string","description_kind":"plain","computed":true},"target":{"type":["list",["object",{"host":"string","path":"string","port":"number","protocol":"string","query":"string"}]],"description_kind":"plain","computed":true},"time_created":{"type":"string","description_kind":"plain","computed":true}},"description_kind":"plain"}},"oci_waas_http_redirects":{"version":0,"block":{"attributes":{"compartment_id":{"type":"string","description_kind":"plain","required":true},"display_names":{"type":["list","string"],"description_kind":"plain","optional":true},"http_redirects":{"type":["list",["object",{"compartment_id":"string","defined_tags":["map","string"],"display_name":"string","domain":"string","freeform_tags":["map","string"],"id":"string","response_code":"number","state":"string","target":["list",["object",{"host":"string","path":"string","port":"number","protocol":"string","query":"string"}]],"time_created":"string"}]],"description_kind":"plain","computed":true},"id":{"type":"string","description_kind":"plain","optional":true,"computed":true},"ids":{"type":["list","string"],"description_kind":"plain","optional":true},"states":{"type":["list","string"],"description_kind":"plain","optional":true},"time_created_greater_than_or_equal_to":{"type":"string","description_kind":"plain","optional":true},"time_created_less_than":{"type":"string","description_kind":"plain","optional":true}},"block_types":{"filter":{"nesting_mode":"set","block":{"attributes":{"name":{"type":"string","description_kind":"plain","required":true},"regex":{"type":"bool","description_kind":"plain","optional":true},"values":{"type":["list","string"],"description_kind":"plain","required":true}},"description_kind":"plain"}}},"description_kind":"plain"}},"oci_waas_protection_rule":{"version":0,"block":{"attributes":{"action":{"type":"string","description_kind":"plain","computed":true},"description":{"type":"string","description_kind":"plain","computed":true},"exclusions":{"type":["list",["object",{"exclusions":["list","string"],"target":"string"}]],"description_kind":"plain","computed":true},"id":{"type":"string","description_kind":"plain","optional":true,"computed":true},"key":{"type":"string","description_kind":"plain","computed":true},"labels":{"type":["list","string"],"description_kind":"plain","computed":true},"mod_security_rule_ids":{"type":["list","string"],"description_kind":"plain","computed":true},"name":{"type":"string","description_kind":"plain","computed":true},"protection_rule_key":{"type":"string","description_kind":"plain","required":true},"waas_policy_id":{"type":"string","description_kind":"plain","required":true}},"description_kind":"plain"}},"oci_waas_protection_rules":{"version":0,"block":{"attributes":{"action":{"type":["list","string"],"description_kind":"plain","optional":true},"id":{"type":"string","description_kind":"plain","optional":true,"computed":true},"mod_security_rule_id":{"type":["list","string"],"description_kind":"plain","optional":true},"protection_rules":{"type":["list",["object",{"action":"string","description":"string","exclusions":["list",["object",{"exclusions":["list","string"],"target":"string"}]],"key":"string","labels":["list","string"],"mod_security_rule_ids":["list","string"],"name":"string","waas_policy_id":"string"}]],"description_kind":"plain","computed":true},"waas_policy_id":{"type":"string","description_kind":"plain","required":true}},"block_types":{"filter":{"nesting_mode":"set","block":{"attributes":{"name":{"type":"string","description_kind":"plain","required":true},"regex":{"type":"bool","description_kind":"plain","optional":true},"values":{"type":["list","string"],"description_kind":"plain","required":true}},"description_kind":"plain"}}},"description_kind":"plain"}},"oci_waas_waas_policies":{"version":0,"block":{"attributes":{"compartment_id":{"type":"string","description_kind":"plain","required":true},"display_names":{"type":["list","string"],"description_kind":"plain","optional":true},"id":{"type":"string","description_kind":"plain","optional":true,"computed":true},"ids":{"type":["list","string"],"description_kind":"plain","optional":true},"states":{"type":["list","string"],"description_kind":"plain","optional":true},"time_created_greater_than_or_equal_to":{"type":"string","description_kind":"plain","optional":true},"time_created_less_than":{"type":"string","description_kind":"plain","optional":true},"waas_policies":{"type":["list",["object",{"additional_domains":["list","string"],"cname":"string","compartment_id":"string","defined_tags":["map","string"],"display_name":"string","domain":"string","freeform_tags":["map","string"],"id":"string","origin_groups":["list",["object",{"label":"string","origin_group":["list",["object",{"origin":"string","weight":"number"}]]}]],"origins":["list",["object",{"custom_headers":["list",["object",{"name":"string","value":"string"}]],"http_port":"number","https_port":"number","label":"string","uri":"string"}]],"policy_config":["list",["object",{"certificate_id":"string","cipher_group":"string","client_address_header":"string","health_checks":["list",["object",{"expected_response_code_group":["list","string"],"expected_response_text":"string","headers":["map","string"],"healthy_threshold":"number","interval_in_seconds":"number","is_enabled":"bool","is_response_text_check_enabled":"bool","method":"string","path":"string","timeout_in_seconds":"number","unhealthy_threshold":"number"}]],"is_behind_cdn":"bool","is_cache_control_respected":"bool","is_https_enabled":"bool","is_https_forced":"bool","is_origin_compression_enabled":"bool","is_response_buffering_enabled":"bool","is_sni_enabled":"bool","load_balancing_method":["list",["object",{"domain":"string","expiration_time_in_seconds":"number","method":"string","name":"string"}]],"tls_protocols":["list","string"],"websocket_path_prefixes":["list","string"]}]],"state":"string","time_created":"string","waf_config":["list",["object",{"access_rules":["list",["object",{"action":"string","block_action":"string","block_error_page_code":"string","block_error_page_description":"string","block_error_page_message":"string","block_response_code":"number","bypass_challenges":["list","string"],"captcha_footer":"string","captcha_header":"string","captcha_submit_label":"string","captcha_title":"string","criteria":["list",["object",{"condition":"string","is_case_sensitive":"bool","value":"string"}]],"name":"string","redirect_response_code":"string","redirect_url":"string","response_header_manipulation":["list",["object",{"action":"string","header":"string","value":"string"}]]}]],"address_rate_limiting":["list",["object",{"allowed_rate_per_address":"number","block_response_code":"number","is_enabled":"bool","max_delayed_count_per_address":"number"}]],"caching_rules":["list",["object",{"action":"string","caching_duration":"string","client_caching_duration":"string","criteria":["list",["object",{"condition":"string","value":"string"}]],"is_client_caching_enabled":"bool","key":"string","name":"string"}]],"captchas":["list",["object",{"failure_message":"string","footer_text":"string","header_text":"string","session_expiration_in_seconds":"number","submit_label":"string","title":"string","url":"string"}]],"custom_protection_rules":["list",["object",{"action":"string","exclusions":["list",["object",{"exclusions":["list","string"],"target":"string"}]],"id":"string"}]],"device_fingerprint_challenge":["list",["object",{"action":"string","action_expiration_in_seconds":"number","challenge_settings":["list",["object",{"block_action":"string","block_error_page_code":"string","block_error_page_description":"string","block_error_page_message":"string","block_response_code":"number","captcha_footer":"string","captcha_header":"string","captcha_submit_label":"string","captcha_title":"string"}]],"failure_threshold":"number","failure_threshold_expiration_in_seconds":"number","is_enabled":"bool","max_address_count":"number","max_address_count_expiration_in_seconds":"number"}]],"human_interaction_challenge":["list",["object",{"action":"string","action_expiration_in_seconds":"number","challenge_settings":["list",["object",{"block_action":"string","block_error_page_code":"string","block_error_page_description":"string","block_error_page_message":"string","block_response_code":"number","captcha_footer":"string","captcha_header":"string","captcha_submit_label":"string","captcha_title":"string"}]],"failure_threshold":"number","failure_threshold_expiration_in_seconds":"number","interaction_threshold":"number","is_enabled":"bool","is_nat_enabled":"bool","recording_period_in_seconds":"number","set_http_header":["list",["object",{"name":"string","value":"string"}]]}]],"js_challenge":["list",["object",{"action":"string","action_expiration_in_seconds":"number","are_redirects_challenged":"bool","challenge_settings":["list",["object",{"block_action":"string","block_error_page_code":"string","block_error_page_description":"string","block_error_page_message":"string","block_response_code":"number","captcha_footer":"string","captcha_header":"string","captcha_submit_label":"string","captcha_title":"string"}]],"criteria":["list",["object",{"condition":"string","is_case_sensitive":"bool","value":"string"}]],"failure_threshold":"number","is_enabled":"bool","is_nat_enabled":"bool","set_http_header":["list",["object",{"name":"string","value":"string"}]]}]],"origin":"string","origin_groups":["list","string"],"protection_settings":["list",["object",{"allowed_http_methods":["list","string"],"block_action":"string","block_error_page_code":"string","block_error_page_description":"string","block_error_page_message":"string","block_response_code":"number","is_response_inspected":"bool","max_argument_count":"number","max_name_length_per_argument":"number","max_response_size_in_ki_b":"number","max_total_name_length_of_arguments":"number","media_types":["list","string"],"recommendations_period_in_days":"number"}]],"whitelists":["list",["object",{"address_lists":["list","string"],"addresses":["list","string"],"name":"string"}]]}]]}]],"description_kind":"plain","computed":true}},"block_types":{"filter":{"nesting_mode":"set","block":{"attributes":{"name":{"type":"string","description_kind":"plain","required":true},"regex":{"type":"bool","description_kind":"plain","optional":true},"values":{"type":["list","string"],"description_kind":"plain","required":true}},"description_kind":"plain"}}},"description_kind":"plain"}},"oci_waas_waas_policy":{"version":0,"block":{"attributes":{"additional_domains":{"type":["list","string"],"description_kind":"plain","computed":true},"cname":{"type":"string","description_kind":"plain","computed":true},"compartment_id":{"type":"string","description_kind":"plain","computed":true},"defined_tags":{"type":["map","string"],"description_kind":"plain","computed":true},"display_name":{"type":"string","description_kind":"plain","computed":true},"domain":{"type":"string","description_kind":"plain","computed":true},"freeform_tags":{"type":["map","string"],"description_kind":"plain","computed":true},"id":{"type":"string","description_kind":"plain","optional":true,"computed":true},"origin_groups":{"type":["list",["object",{"label":"string","origin_group":["list",["object",{"origin":"string","weight":"number"}]]}]],"description_kind":"plain","computed":true},"origins":{"type":["list",["object",{"custom_headers":["list",["object",{"name":"string","value":"string"}]],"http_port":"number","https_port":"number","label":"string","uri":"string"}]],"description_kind":"plain","computed":true},"policy_config":{"type":["list",["object",{"certificate_id":"string","cipher_group":"string","client_address_header":"string","health_checks":["list",["object",{"expected_response_code_group":["list","string"],"expected_response_text":"string","headers":["map","string"],"healthy_threshold":"number","interval_in_seconds":"number","is_enabled":"bool","is_response_text_check_enabled":"bool","method":"string","path":"string","timeout_in_seconds":"number","unhealthy_threshold":"number"}]],"is_behind_cdn":"bool","is_cache_control_respected":"bool","is_https_enabled":"bool","is_https_forced":"bool","is_origin_compression_enabled":"bool","is_response_buffering_enabled":"bool","is_sni_enabled":"bool","load_balancing_method":["list",["object",{"domain":"string","expiration_time_in_seconds":"number","method":"string","name":"string"}]],"tls_protocols":["list","string"],"websocket_path_prefixes":["list","string"]}]],"description_kind":"plain","computed":true},"state":{"type":"string","description_kind":"plain","computed":true},"time_created":{"type":"string","description_kind":"plain","computed":true},"waas_policy_id":{"type":"string","description_kind":"plain","required":true},"waf_config":{"type":["list",["object",{"access_rules":["list",["object",{"action":"string","block_action":"string","block_error_page_code":"string","block_error_page_description":"string","block_error_page_message":"string","block_response_code":"number","bypass_challenges":["list","string"],"captcha_footer":"string","captcha_header":"string","captcha_submit_label":"string","captcha_title":"string","criteria":["list",["object",{"condition":"string","is_case_sensitive":"bool","value":"string"}]],"name":"string","redirect_response_code":"string","redirect_url":"string","response_header_manipulation":["list",["object",{"action":"string","header":"string","value":"string"}]]}]],"address_rate_limiting":["list",["object",{"allowed_rate_per_address":"number","block_response_code":"number","is_enabled":"bool","max_delayed_count_per_address":"number"}]],"caching_rules":["list",["object",{"action":"string","caching_duration":"string","client_caching_duration":"string","criteria":["list",["object",{"condition":"string","value":"string"}]],"is_client_caching_enabled":"bool","key":"string","name":"string"}]],"captchas":["list",["object",{"failure_message":"string","footer_text":"string","header_text":"string","session_expiration_in_seconds":"number","submit_label":"string","title":"string","url":"string"}]],"custom_protection_rules":["list",["object",{"action":"string","exclusions":["list",["object",{"exclusions":["list","string"],"target":"string"}]],"id":"string"}]],"device_fingerprint_challenge":["list",["object",{"action":"string","action_expiration_in_seconds":"number","challenge_settings":["list",["object",{"block_action":"string","block_error_page_code":"string","block_error_page_description":"string","block_error_page_message":"string","block_response_code":"number","captcha_footer":"string","captcha_header":"string","captcha_submit_label":"string","captcha_title":"string"}]],"failure_threshold":"number","failure_threshold_expiration_in_seconds":"number","is_enabled":"bool","max_address_count":"number","max_address_count_expiration_in_seconds":"number"}]],"human_interaction_challenge":["list",["object",{"action":"string","action_expiration_in_seconds":"number","challenge_settings":["list",["object",{"block_action":"string","block_error_page_code":"string","block_error_page_description":"string","block_error_page_message":"string","block_response_code":"number","captcha_footer":"string","captcha_header":"string","captcha_submit_label":"string","captcha_title":"string"}]],"failure_threshold":"number","failure_threshold_expiration_in_seconds":"number","interaction_threshold":"number","is_enabled":"bool","is_nat_enabled":"bool","recording_period_in_seconds":"number","set_http_header":["list",["object",{"name":"string","value":"string"}]]}]],"js_challenge":["list",["object",{"action":"string","action_expiration_in_seconds":"number","are_redirects_challenged":"bool","challenge_settings":["list",["object",{"block_action":"string","block_error_page_code":"string","block_error_page_description":"string","block_error_page_message":"string","block_response_code":"number","captcha_footer":"string","captcha_header":"string","captcha_submit_label":"string","captcha_title":"string"}]],"criteria":["list",["object",{"condition":"string","is_case_sensitive":"bool","value":"string"}]],"failure_threshold":"number","is_enabled":"bool","is_nat_enabled":"bool","set_http_header":["list",["object",{"name":"string","value":"string"}]]}]],"origin":"string","origin_groups":["list","string"],"protection_settings":["list",["object",{"allowed_http_methods":["list","string"],"block_action":"string","block_error_page_code":"string","block_error_page_description":"string","block_error_page_message":"string","block_response_code":"number","is_response_inspected":"bool","max_argument_count":"number","max_name_length_per_argument":"number","max_response_size_in_ki_b":"number","max_total_name_length_of_arguments":"number","media_types":["list","string"],"recommendations_period_in_days":"number"}]],"whitelists":["list",["object",{"address_lists":["list","string"],"addresses":["list","string"],"name":"string"}]]}]],"description_kind":"plain","computed":true}},"description_kind":"plain"}}}}}}
