{"format_version":"0.1","provider_schemas":{"registry.terraform.io/terraform-provider-graylog/graylog":{"provider":{"version":0,"block":{"attributes":{"api_version":{"type":"string","description_kind":"plain","optional":true},"auth_name":{"type":"string","description_kind":"plain","required":true},"auth_password":{"type":"string","description_kind":"plain","required":true},"web_endpoint_uri":{"type":"string","description_kind":"plain","required":true},"x_requested_by":{"type":"string","description_kind":"plain","optional":true}},"description_kind":"plain"}},"resource_schemas":{"graylog_alarm_callback":{"version":1,"block":{"attributes":{"alarmcallback_id":{"type":"string","description_kind":"plain","optional":true,"computed":true},"configuration":{"type":"string","description_kind":"plain","required":true},"id":{"type":"string","description_kind":"plain","optional":true,"computed":true},"stream_id":{"type":"string","description_kind":"plain","required":true},"title":{"type":"string","description_kind":"plain","required":true},"type":{"type":"string","description_kind":"plain","required":true}},"description_kind":"plain"}},"graylog_alert_condition":{"version":2,"block":{"attributes":{"alert_condition_id":{"type":"string","description_kind":"plain","optional":true,"computed":true},"id":{"type":"string","description_kind":"plain","optional":true,"computed":true},"in_grace":{"type":"bool","description_kind":"plain","optional":true},"parameters":{"type":"string","description_kind":"plain","required":true},"stream_id":{"type":"string","description_kind":"plain","required":true},"title":{"type":"string","description_kind":"plain","required":true},"type":{"type":"string","description_kind":"plain","required":true}},"description_kind":"plain"}},"graylog_dashboard":{"version":0,"block":{"attributes":{"created_at":{"type":"string","description_kind":"plain","optional":true,"computed":true},"description":{"type":"string","description_kind":"plain","required":true},"id":{"type":"string","description_kind":"plain","optional":true,"computed":true},"title":{"type":"string","description_kind":"plain","required":true}},"description_kind":"plain"}},"graylog_dashboard_widget":{"version":1,"block":{"attributes":{"cache_time":{"type":"number","description_kind":"plain","optional":true,"computed":true},"config":{"type":"string","description_kind":"plain","required":true},"creator_user_id":{"type":"string","description_kind":"plain","optional":true,"computed":true},"dashboard_id":{"type":"string","description_kind":"plain","required":true},"description":{"type":"string","description_kind":"plain","required":true},"id":{"type":"string","description_kind":"plain","optional":true,"computed":true},"type":{"type":"string","description_kind":"plain","required":true},"widget_id":{"type":"string","description_kind":"plain","optional":true,"computed":true}},"description_kind":"plain"}},"graylog_dashboard_widget_positions":{"version":1,"block":{"attributes":{"dashboard_id":{"type":"string","description_kind":"plain","required":true},"id":{"type":"string","description_kind":"plain","optional":true,"computed":true},"positions":{"type":"string","description_kind":"plain","required":true}},"description_kind":"plain"}},"graylog_event_definition":{"version":0,"block":{"attributes":{"alert":{"type":"bool","description_kind":"plain","optional":true},"config":{"type":"string","description_kind":"plain","required":true},"description":{"type":"string","description_kind":"plain","optional":true},"field_spec":{"type":"string","description_kind":"plain","optional":true},"id":{"type":"string","description_kind":"plain","optional":true,"computed":true},"key_spec":{"type":["set","string"],"description_kind":"plain","optional":true},"priority":{"type":"number","description_kind":"plain","required":true},"title":{"type":"string","description_kind":"plain","required":true}},"block_types":{"notification_settings":{"nesting_mode":"list","block":{"attributes":{"backlog_size":{"type":"number","description_kind":"plain","optional":true},"grace_period_ms":{"type":"number","description_kind":"plain","optional":true}},"description_kind":"plain"},"min_items":1,"max_items":1},"notifications":{"nesting_mode":"list","block":{"attributes":{"notification_id":{"type":"string","description_kind":"plain","required":true}},"description_kind":"plain"}}},"description_kind":"plain"}},"graylog_event_notification":{"version":0,"block":{"attributes":{"config":{"type":"string","description_kind":"plain","required":true},"description":{"type":"string","description_kind":"plain","optional":true},"id":{"type":"string","description_kind":"plain","optional":true,"computed":true},"title":{"type":"string","description_kind":"plain","required":true}},"description_kind":"plain"}},"graylog_extractor":{"version":1,"block":{"attributes":{"condition_type":{"type":"string","description_kind":"plain","required":true},"condition_value":{"type":"string","description_kind":"plain","optional":true},"cursor_strategy":{"type":"string","description_kind":"plain","required":true},"extractor_config":{"type":"string","description_kind":"plain","required":true},"extractor_id":{"type":"string","description_kind":"plain","optional":true,"computed":true},"id":{"type":"string","description_kind":"plain","optional":true,"computed":true},"input_id":{"type":"string","description_kind":"plain","required":true},"order":{"type":"number","description_kind":"plain","optional":true},"source_field":{"type":"string","description_kind":"plain","required":true},"target_field":{"type":"string","description_kind":"plain","optional":true},"title":{"type":"string","description_kind":"plain","required":true},"type":{"type":"string","description_kind":"plain","required":true}},"block_types":{"converters":{"nesting_mode":"list","block":{"attributes":{"config":{"type":"string","description_kind":"plain","required":true},"type":{"type":"string","description_kind":"plain","required":true}},"description_kind":"plain"}}},"description_kind":"plain"}},"graylog_grok_pattern":{"version":0,"block":{"attributes":{"id":{"type":"string","description_kind":"plain","optional":true,"computed":true},"name":{"type":"string","description_kind":"plain","required":true},"pattern":{"type":"string","description_kind":"plain","required":true}},"description_kind":"plain"}},"graylog_index_set":{"version":1,"block":{"attributes":{"creation_date":{"type":"string","description_kind":"plain","optional":true,"computed":true},"default":{"type":"bool","description_kind":"plain","optional":true},"description":{"type":"string","description_kind":"plain","optional":true},"field_type_refresh_interval":{"type":"number","description_kind":"plain","optional":true},"id":{"type":"string","description_kind":"plain","optional":true,"computed":true},"index_analyzer":{"type":"string","description_kind":"plain","required":true},"index_optimization_disabled":{"type":"bool","description_kind":"plain","optional":true},"index_optimization_max_num_segments":{"type":"number","description_kind":"plain","required":true},"index_prefix":{"type":"string","description_kind":"plain","required":true},"replicas":{"type":"number","description_kind":"plain","optional":true},"retention_strategy":{"type":"string","description_kind":"plain","required":true},"retention_strategy_class":{"type":"string","description_kind":"plain","required":true},"rotation_strategy":{"type":"string","description_kind":"plain","required":true},"rotation_strategy_class":{"type":"string","description_kind":"plain","required":true},"shards":{"type":"number","description_kind":"plain","required":true},"title":{"type":"string","description_kind":"plain","required":true},"writable":{"type":"bool","description_kind":"plain","optional":true}},"description_kind":"plain"}},"graylog_input":{"version":1,"block":{"attributes":{"attributes":{"type":"string","description_kind":"plain","required":true},"created_at":{"type":"string","description_kind":"plain","optional":true,"computed":true},"creator_user_id":{"type":"string","description_kind":"plain","optional":true,"computed":true},"global":{"type":"bool","description_kind":"plain","optional":true},"id":{"type":"string","description_kind":"plain","optional":true,"computed":true},"node":{"type":"string","description_kind":"plain","optional":true},"title":{"type":"string","description_kind":"plain","required":true},"type":{"type":"string","description_kind":"plain","required":true}},"description_kind":"plain"}},"graylog_input_static_fields":{"version":0,"block":{"attributes":{"fields":{"type":["map","string"],"description_kind":"plain","optional":true},"id":{"type":"string","description_kind":"plain","optional":true,"computed":true},"input_id":{"type":"string","description_kind":"plain","required":true}},"description_kind":"plain"}},"graylog_ldap_setting":{"version":0,"block":{"attributes":{"active_directory":{"type":"bool","description_kind":"plain","optional":true},"additional_default_groups":{"type":["set","string"],"description_kind":"plain","optional":true},"default_group":{"type":"string","description_kind":"plain","required":true},"display_name_attribute":{"type":"string","description_kind":"plain","required":true},"enabled":{"type":"bool","description_kind":"plain","optional":true},"group_id_attribute":{"type":"string","description_kind":"plain","optional":true},"group_mapping":{"type":["map","string"],"description_kind":"plain","optional":true},"group_search_base":{"type":"string","description_kind":"plain","optional":true},"group_search_pattern":{"type":"string","description_kind":"plain","optional":true},"id":{"type":"string","description_kind":"plain","optional":true,"computed":true},"ldap_uri":{"type":"string","description_kind":"plain","required":true},"search_base":{"type":"string","description_kind":"plain","required":true},"search_pattern":{"type":"string","description_kind":"plain","required":true},"system_password":{"type":"string","description_kind":"plain","optional":true,"computed":true,"sensitive":true},"system_password_set":{"type":"bool","description_kind":"plain","optional":true,"computed":true},"system_username":{"type":"string","description_kind":"plain","required":true},"trust_all_certificates":{"type":"bool","description_kind":"plain","optional":true},"use_start_tls":{"type":"bool","description_kind":"plain","optional":true}},"description_kind":"plain"}},"graylog_output":{"version":0,"block":{"attributes":{"configuration":{"type":"string","description_kind":"plain","required":true},"id":{"type":"string","description_kind":"plain","optional":true,"computed":true},"title":{"type":"string","description_kind":"plain","required":true},"type":{"type":"string","description_kind":"plain","required":true}},"description_kind":"plain"}},"graylog_pipeline":{"version":0,"block":{"attributes":{"description":{"type":"string","description_kind":"plain","optional":true},"id":{"type":"string","description_kind":"plain","optional":true,"computed":true},"source":{"type":"string","description_kind":"plain","required":true}},"description_kind":"plain"}},"graylog_pipeline_connection":{"version":0,"block":{"attributes":{"id":{"type":"string","description_kind":"plain","optional":true,"computed":true},"pipeline_ids":{"type":["set","string"],"description_kind":"plain","required":true},"stream_id":{"type":"string","description_kind":"plain","required":true}},"description_kind":"plain"}},"graylog_pipeline_rule":{"version":0,"block":{"attributes":{"description":{"type":"string","description_kind":"plain","optional":true},"id":{"type":"string","description_kind":"plain","optional":true,"computed":true},"source":{"type":"string","description_kind":"plain","required":true}},"description_kind":"plain"}},"graylog_role":{"version":0,"block":{"attributes":{"description":{"type":"string","description_kind":"plain","optional":true},"id":{"type":"string","description_kind":"plain","optional":true,"computed":true},"name":{"type":"string","description_kind":"plain","required":true},"permissions":{"type":["set","string"],"description_kind":"plain","required":true},"read_only":{"type":"bool","description_kind":"plain","optional":true,"computed":true}},"description_kind":"plain"}},"graylog_sidecar_collector":{"version":0,"block":{"attributes":{"default_template":{"type":"string","description_kind":"plain","optional":true},"executable_path":{"type":"string","description_kind":"plain","required":true},"execute_parameters":{"type":"string","description_kind":"plain","optional":true},"id":{"type":"string","description_kind":"plain","optional":true,"computed":true},"name":{"type":"string","description_kind":"plain","required":true},"node_operating_system":{"type":"string","description_kind":"plain","required":true},"service_type":{"type":"string","description_kind":"plain","required":true},"validation_parameters":{"type":"string","description_kind":"plain","optional":true}},"description_kind":"plain"}},"graylog_sidecar_configuration":{"version":0,"block":{"attributes":{"collector_id":{"type":"string","description_kind":"plain","required":true},"color":{"type":"string","description_kind":"plain","required":true},"id":{"type":"string","description_kind":"plain","optional":true,"computed":true},"name":{"type":"string","description_kind":"plain","required":true},"template":{"type":"string","description_kind":"plain","required":true}},"description_kind":"plain"}},"graylog_sidecars":{"version":0,"block":{"attributes":{"id":{"type":"string","description_kind":"plain","optional":true,"computed":true}},"block_types":{"sidecars":{"nesting_mode":"set","block":{"attributes":{"node_id":{"type":"string","description_kind":"plain","required":true}},"block_types":{"assignments":{"nesting_mode":"set","block":{"attributes":{"collector_id":{"type":"string","description_kind":"plain","required":true},"configuration_id":{"type":"string","description_kind":"plain","required":true}},"description_kind":"plain"},"min_items":1}},"description_kind":"plain"},"min_items":1}},"description_kind":"plain"}},"graylog_stream":{"version":0,"block":{"attributes":{"created_at":{"type":"string","description_kind":"plain","optional":true,"computed":true},"creator_user_id":{"type":"string","description_kind":"plain","optional":true,"computed":true},"description":{"type":"string","description_kind":"plain","optional":true},"disabled":{"type":"bool","description_kind":"plain","optional":true},"id":{"type":"string","description_kind":"plain","optional":true,"computed":true},"index_set_id":{"type":"string","description_kind":"plain","required":true},"is_default":{"type":"bool","description_kind":"plain","optional":true},"matching_type":{"type":"string","description_kind":"plain","optional":true},"remove_matches_from_default_stream":{"type":"bool","description_kind":"plain","optional":true},"title":{"type":"string","description_kind":"plain","required":true}},"description_kind":"plain"}},"graylog_stream_output":{"version":0,"block":{"attributes":{"id":{"type":"string","description_kind":"plain","optional":true,"computed":true},"output_ids":{"type":["set","string"],"description_kind":"plain","required":true},"stream_id":{"type":"string","description_kind":"plain","required":true}},"description_kind":"plain"}},"graylog_stream_rule":{"version":1,"block":{"attributes":{"description":{"type":"string","description_kind":"plain","optional":true},"field":{"type":"string","description_kind":"plain","required":true},"id":{"type":"string","description_kind":"plain","optional":true,"computed":true},"inverted":{"type":"bool","description_kind":"plain","optional":true},"rule_id":{"type":"string","description_kind":"plain","optional":true,"computed":true},"stream_id":{"type":"string","description_kind":"plain","required":true},"type":{"type":"number","description_kind":"plain","required":true},"value":{"type":"string","description_kind":"plain","optional":true}},"description_kind":"plain"}},"graylog_user":{"version":0,"block":{"attributes":{"client_address":{"type":"string","description_kind":"plain","optional":true,"computed":true},"email":{"type":"string","description_kind":"plain","required":true},"external":{"type":"bool","description_kind":"plain","optional":true,"computed":true},"full_name":{"type":"string","description_kind":"plain","required":true},"id":{"type":"string","description_kind":"plain","optional":true,"computed":true},"last_activity":{"type":"string","description_kind":"plain","computed":true},"password":{"type":"string","description_kind":"plain","optional":true,"sensitive":true},"permissions":{"type":["set","string"],"description_kind":"plain","optional":true,"computed":true},"read_only":{"type":"bool","description_kind":"plain","optional":true,"computed":true},"roles":{"type":["set","string"],"description_kind":"plain","optional":true},"session_active":{"type":"bool","description_kind":"plain","optional":true,"computed":true},"session_timeout_ms":{"type":"number","description_kind":"plain","optional":true,"computed":true},"timezone":{"type":"string","description_kind":"plain","optional":true,"computed":true},"user_id":{"type":"string","description_kind":"plain","optional":true,"computed":true},"username":{"type":"string","description_kind":"plain","required":true}},"description_kind":"plain"}}},"data_source_schemas":{"graylog_dashboard":{"version":0,"block":{"attributes":{"created_at":{"type":"string","description_kind":"plain","optional":true,"computed":true},"dashboard_id":{"type":"string","description_kind":"plain","optional":true},"description":{"type":"string","description_kind":"plain","optional":true,"computed":true},"id":{"type":"string","description_kind":"plain","optional":true,"computed":true},"title":{"type":"string","description_kind":"plain","optional":true}},"description_kind":"plain"}},"graylog_index_set":{"version":1,"block":{"attributes":{"creation_date":{"type":"string","description_kind":"plain","optional":true,"computed":true},"default":{"type":"bool","description_kind":"plain","optional":true,"computed":true},"description":{"type":"string","description_kind":"plain","optional":true,"computed":true},"field_type_refresh_interval":{"type":"number","description_kind":"plain","optional":true,"computed":true},"id":{"type":"string","description_kind":"plain","optional":true,"computed":true},"index_analyzer":{"type":"string","description_kind":"plain","optional":true,"computed":true},"index_optimization_disabled":{"type":"bool","description_kind":"plain","optional":true,"computed":true},"index_optimization_max_num_segments":{"type":"number","description_kind":"plain","optional":true,"computed":true},"index_prefix":{"type":"string","description_kind":"plain","optional":true},"index_set_id":{"type":"string","description_kind":"plain","optional":true},"replicas":{"type":"number","description_kind":"plain","optional":true,"computed":true},"retention_strategy":{"type":"string","description_kind":"plain","optional":true,"computed":true},"retention_strategy_class":{"type":"string","description_kind":"plain","optional":true,"computed":true},"rotation_strategy":{"type":"string","description_kind":"plain","optional":true,"computed":true},"rotation_strategy_class":{"type":"string","description_kind":"plain","optional":true,"computed":true},"shards":{"type":"number","description_kind":"plain","optional":true,"computed":true},"title":{"type":"string","description_kind":"plain","optional":true},"writable":{"type":"bool","description_kind":"plain","optional":true,"computed":true}},"description_kind":"plain"}},"graylog_sidecar":{"version":0,"block":{"attributes":{"id":{"type":"string","description_kind":"plain","optional":true,"computed":true},"node_id":{"type":"string","description_kind":"plain","optional":true},"node_name":{"type":"string","description_kind":"plain","optional":true}},"description_kind":"plain"}},"graylog_stream":{"version":0,"block":{"attributes":{"created_at":{"type":"string","description_kind":"plain","optional":true,"computed":true},"creator_user_id":{"type":"string","description_kind":"plain","optional":true,"computed":true},"description":{"type":"string","description_kind":"plain","optional":true,"computed":true},"disabled":{"type":"bool","description_kind":"plain","optional":true,"computed":true},"id":{"type":"string","description_kind":"plain","optional":true,"computed":true},"index_set_id":{"type":"string","description_kind":"plain","optional":true,"computed":true},"is_default":{"type":"bool","description_kind":"plain","optional":true,"computed":true},"matching_type":{"type":"string","description_kind":"plain","optional":true,"computed":true},"remove_matches_from_default_stream":{"type":"bool","description_kind":"plain","optional":true,"computed":true},"stream_id":{"type":"string","description_kind":"plain","optional":true},"title":{"type":"string","description_kind":"plain","optional":true}},"description_kind":"plain"}}}}}}
