{"format_version":"0.1","provider_schemas":{"registry.terraform.io/mongodb/mongodbatlas":{"provider":{"version":0,"block":{"attributes":{"private_key":{"type":"string","description":"MongoDB Atlas Programmatic Private Key","description_kind":"plain","optional":true},"public_key":{"type":"string","description":"MongoDB Atlas Programmatic Public Key","description_kind":"plain","optional":true}},"description_kind":"plain"}},"resource_schemas":{"mongodbatlas_alert_configuration":{"version":0,"block":{"attributes":{"alert_configuration_id":{"type":"string","description_kind":"plain","computed":true},"created":{"type":"string","description_kind":"plain","computed":true},"enabled":{"type":"bool","description_kind":"plain","optional":true,"computed":true},"event_type":{"type":"string","description_kind":"plain","required":true},"id":{"type":"string","description_kind":"plain","optional":true,"computed":true},"metric_threshold":{"type":["map","string"],"description_kind":"plain","optional":true},"project_id":{"type":"string","description_kind":"plain","required":true},"threshold":{"type":["map","string"],"description_kind":"plain","optional":true},"updated":{"type":"string","description_kind":"plain","computed":true}},"block_types":{"matcher":{"nesting_mode":"list","block":{"attributes":{"field_name":{"type":"string","description_kind":"plain","optional":true},"operator":{"type":"string","description_kind":"plain","optional":true},"value":{"type":"string","description_kind":"plain","optional":true}},"description_kind":"plain"}},"notification":{"nesting_mode":"list","block":{"attributes":{"api_token":{"type":"string","description_kind":"plain","optional":true},"channel_name":{"type":"string","description_kind":"plain","optional":true},"datadog_api_key":{"type":"string","description_kind":"plain","optional":true},"datadog_region":{"type":"string","description_kind":"plain","optional":true},"delay_min":{"type":"number","description_kind":"plain","optional":true},"email_address":{"type":"string","description_kind":"plain","optional":true},"email_enabled":{"type":"bool","description_kind":"plain","optional":true},"flow_name":{"type":"string","description_kind":"plain","optional":true},"flowdock_api_token":{"type":"string","description_kind":"plain","optional":true},"interval_min":{"type":"number","description_kind":"plain","optional":true},"mobile_number":{"type":"string","description_kind":"plain","optional":true},"ops_genie_api_key":{"type":"string","description_kind":"plain","optional":true},"ops_genie_region":{"type":"string","description_kind":"plain","optional":true},"org_name":{"type":"string","description_kind":"plain","optional":true},"roles":{"type":["list","string"],"description_kind":"plain","optional":true},"service_key":{"type":"string","description_kind":"plain","optional":true},"sms_enabled":{"type":"bool","description_kind":"plain","optional":true},"team_id":{"type":"string","description_kind":"plain","optional":true},"type_name":{"type":"string","description_kind":"plain","optional":true},"username":{"type":"string","description_kind":"plain","optional":true},"victor_ops_api_key":{"type":"string","description_kind":"plain","optional":true},"victor_ops_routing_key":{"type":"string","description_kind":"plain","optional":true}},"description_kind":"plain"},"min_items":1}},"description_kind":"plain"}},"mongodbatlas_auditing":{"version":0,"block":{"attributes":{"audit_authorization_success":{"type":"bool","description_kind":"plain","optional":true,"computed":true},"audit_filter":{"type":"string","description_kind":"plain","optional":true,"computed":true},"configuration_type":{"type":"string","description_kind":"plain","computed":true},"enabled":{"type":"bool","description_kind":"plain","optional":true,"computed":true},"id":{"type":"string","description_kind":"plain","optional":true,"computed":true},"project_id":{"type":"string","description_kind":"plain","required":true}},"description_kind":"plain"}},"mongodbatlas_cloud_provider_snapshot":{"version":0,"block":{"attributes":{"cluster_name":{"type":"string","description_kind":"plain","required":true},"created_at":{"type":"string","description_kind":"plain","computed":true},"description":{"type":"string","description_kind":"plain","required":true},"expires_at":{"type":"string","description_kind":"plain","computed":true},"id":{"type":"string","description_kind":"plain","optional":true,"computed":true},"master_key_uuid":{"type":"string","description_kind":"plain","computed":true},"mongod_version":{"type":"string","description_kind":"plain","computed":true},"project_id":{"type":"string","description_kind":"plain","required":true},"retention_in_days":{"type":"number","description_kind":"plain","required":true},"snapshot_id":{"type":"string","description_kind":"plain","computed":true},"snapshot_type":{"type":"string","description_kind":"plain","computed":true},"status":{"type":"string","description_kind":"plain","computed":true},"storage_size_bytes":{"type":"number","description_kind":"plain","computed":true},"type":{"type":"string","description_kind":"plain","computed":true}},"description_kind":"plain"}},"mongodbatlas_cloud_provider_snapshot_backup_policy":{"version":0,"block":{"attributes":{"cluster_id":{"type":"string","description_kind":"plain","computed":true},"cluster_name":{"type":"string","description_kind":"plain","required":true},"id":{"type":"string","description_kind":"plain","optional":true,"computed":true},"next_snapshot":{"type":"string","description_kind":"plain","computed":true},"project_id":{"type":"string","description_kind":"plain","required":true},"reference_hour_of_day":{"type":"number","description_kind":"plain","optional":true,"computed":true},"reference_minute_of_hour":{"type":"number","description_kind":"plain","optional":true,"computed":true},"restore_window_days":{"type":"number","description_kind":"plain","optional":true,"computed":true},"update_snapshots":{"type":"bool","description_kind":"plain","optional":true,"computed":true}},"block_types":{"policies":{"nesting_mode":"list","block":{"attributes":{"id":{"type":"string","description_kind":"plain","required":true}},"block_types":{"policy_item":{"nesting_mode":"list","block":{"attributes":{"frequency_interval":{"type":"number","description_kind":"plain","required":true},"frequency_type":{"type":"string","description_kind":"plain","required":true},"id":{"type":"string","description_kind":"plain","required":true},"retention_unit":{"type":"string","description_kind":"plain","required":true},"retention_value":{"type":"number","description_kind":"plain","required":true}},"description_kind":"plain"},"min_items":1}},"description_kind":"plain"},"min_items":1}},"description_kind":"plain"}},"mongodbatlas_cloud_provider_snapshot_restore_job":{"version":0,"block":{"attributes":{"cancelled":{"type":"bool","description_kind":"plain","computed":true},"cluster_name":{"type":"string","description_kind":"plain","required":true},"created_at":{"type":"string","description_kind":"plain","computed":true},"delivery_type":{"type":["map","string"],"description_kind":"plain","required":true},"delivery_url":{"type":["list","string"],"description_kind":"plain","computed":true},"expired":{"type":"bool","description_kind":"plain","computed":true},"expires_at":{"type":"string","description_kind":"plain","computed":true},"finished_at":{"type":"string","description_kind":"plain","computed":true},"id":{"type":"string","description_kind":"plain","optional":true,"computed":true},"project_id":{"type":"string","description_kind":"plain","required":true},"snapshot_id":{"type":"string","description_kind":"plain","required":true},"snapshot_restore_job_id":{"type":"string","description_kind":"plain","computed":true},"timestamp":{"type":"string","description_kind":"plain","computed":true}},"description_kind":"plain"}},"mongodbatlas_cluster":{"version":1,"block":{"attributes":{"auto_scaling_compute_enabled":{"type":"bool","description_kind":"plain","optional":true,"computed":true},"auto_scaling_compute_scale_down_enabled":{"type":"bool","description_kind":"plain","optional":true,"computed":true},"auto_scaling_disk_gb_enabled":{"type":"bool","description_kind":"plain","optional":true},"backing_provider_name":{"type":"string","description_kind":"plain","optional":true,"computed":true},"backup_enabled":{"type":"bool","description_kind":"plain","optional":true},"bi_connector":{"type":["map","string"],"description_kind":"plain","optional":true,"computed":true},"cluster_id":{"type":"string","description_kind":"plain","computed":true},"cluster_type":{"type":"string","description_kind":"plain","optional":true,"computed":true},"connection_strings":{"type":["list",["object",{"aws_private_link":["map","string"],"aws_private_link_srv":["map","string"],"private":"string","private_srv":"string","standard":"string","standard_srv":"string"}]],"description_kind":"plain","computed":true},"container_id":{"type":"string","description_kind":"plain","computed":true},"disk_size_gb":{"type":"number","description_kind":"plain","optional":true,"computed":true},"encryption_at_rest_provider":{"type":"string","description_kind":"plain","optional":true,"computed":true},"id":{"type":"string","description_kind":"plain","optional":true,"computed":true},"mongo_db_major_version":{"type":"string","description_kind":"plain","optional":true,"computed":true},"mongo_db_version":{"type":"string","description_kind":"plain","computed":true},"mongo_uri":{"type":"string","description_kind":"plain","computed":true},"mongo_uri_updated":{"type":"string","description_kind":"plain","computed":true},"mongo_uri_with_options":{"type":"string","description_kind":"plain","computed":true},"name":{"type":"string","description_kind":"plain","required":true},"num_shards":{"type":"number","description_kind":"plain","optional":true},"paused":{"type":"bool","description_kind":"plain","computed":true},"pit_enabled":{"type":"bool","description_kind":"plain","optional":true,"computed":true},"project_id":{"type":"string","description_kind":"plain","required":true},"provider_auto_scaling_compute_max_instance_size":{"type":"string","description_kind":"plain","optional":true,"computed":true},"provider_auto_scaling_compute_min_instance_size":{"type":"string","description_kind":"plain","optional":true,"computed":true},"provider_backup_enabled":{"type":"bool","description_kind":"plain","optional":true},"provider_disk_iops":{"type":"number","description_kind":"plain","optional":true,"computed":true},"provider_disk_type_name":{"type":"string","description_kind":"plain","optional":true,"computed":true},"provider_encrypt_ebs_volume":{"type":"bool","description_kind":"plain","optional":true,"computed":true},"provider_instance_size_name":{"type":"string","description_kind":"plain","required":true},"provider_name":{"type":"string","description_kind":"plain","required":true},"provider_region_name":{"type":"string","description_kind":"plain","optional":true,"computed":true},"provider_volume_type":{"type":"string","description_kind":"plain","optional":true,"computed":true},"replication_factor":{"type":"number","description_kind":"plain","optional":true,"computed":true},"snapshot_backup_policy":{"type":["list",["object",{"cluster_id":"string","cluster_name":"string","next_snapshot":"string","policies":["list",["object",{"id":"string","policy_item":["list",["object",{"frequency_interval":"number","frequency_type":"string","id":"string","retention_unit":"string","retention_value":"number"}]]}]],"reference_hour_of_day":"number","reference_minute_of_hour":"number","restore_window_days":"number","update_snapshots":"bool"}]],"description_kind":"plain","computed":true},"srv_address":{"type":"string","description_kind":"plain","computed":true},"state_name":{"type":"string","description_kind":"plain","computed":true}},"block_types":{"advanced_configuration":{"nesting_mode":"list","block":{"attributes":{"fail_index_key_too_long":{"type":"bool","description_kind":"plain","optional":true,"computed":true},"javascript_enabled":{"type":"bool","description_kind":"plain","optional":true,"computed":true},"minimum_enabled_tls_protocol":{"type":"string","description_kind":"plain","optional":true,"computed":true},"no_table_scan":{"type":"bool","description_kind":"plain","optional":true,"computed":true},"oplog_size_mb":{"type":"number","description_kind":"plain","optional":true,"computed":true},"sample_refresh_interval_bi_connector":{"type":"number","description_kind":"plain","optional":true,"computed":true},"sample_size_bi_connector":{"type":"number","description_kind":"plain","optional":true,"computed":true}},"description_kind":"plain"},"max_items":1},"labels":{"nesting_mode":"set","block":{"attributes":{"key":{"type":"string","description_kind":"plain","optional":true,"computed":true},"value":{"type":"string","description_kind":"plain","optional":true,"computed":true}},"description_kind":"plain"}},"replication_specs":{"nesting_mode":"list","block":{"attributes":{"id":{"type":"string","description_kind":"plain","optional":true,"computed":true},"num_shards":{"type":"number","description_kind":"plain","required":true},"zone_name":{"type":"string","description_kind":"plain","optional":true}},"block_types":{"regions_config":{"nesting_mode":"set","block":{"attributes":{"analytics_nodes":{"type":"number","description_kind":"plain","optional":true},"electable_nodes":{"type":"number","description_kind":"plain","optional":true,"computed":true},"priority":{"type":"number","description_kind":"plain","optional":true,"computed":true},"read_only_nodes":{"type":"number","description_kind":"plain","optional":true},"region_name":{"type":"string","description_kind":"plain","optional":true,"computed":true}},"description_kind":"plain"}}},"description_kind":"plain"}}},"description_kind":"plain"}},"mongodbatlas_custom_db_role":{"version":0,"block":{"attributes":{"id":{"type":"string","description_kind":"plain","optional":true,"computed":true},"project_id":{"type":"string","description_kind":"plain","required":true},"role_name":{"type":"string","description_kind":"plain","required":true}},"block_types":{"actions":{"nesting_mode":"list","block":{"attributes":{"action":{"type":"string","description_kind":"plain","required":true}},"block_types":{"resources":{"nesting_mode":"set","block":{"attributes":{"cluster":{"type":"bool","description_kind":"plain","optional":true},"collection_name":{"type":"string","description_kind":"plain","optional":true},"database_name":{"type":"string","description_kind":"plain","optional":true}},"description_kind":"plain"},"min_items":1}},"description_kind":"plain"}},"inherited_roles":{"nesting_mode":"set","block":{"attributes":{"database_name":{"type":"string","description_kind":"plain","required":true},"role_name":{"type":"string","description_kind":"plain","required":true}},"description_kind":"plain"}}},"description_kind":"plain"}},"mongodbatlas_database_user":{"version":0,"block":{"attributes":{"auth_database_name":{"type":"string","description_kind":"plain","optional":true},"aws_iam_type":{"type":"string","description_kind":"plain","optional":true},"database_name":{"type":"string","description_kind":"plain","deprecated":true,"optional":true},"id":{"type":"string","description_kind":"plain","optional":true,"computed":true},"password":{"type":"string","description_kind":"plain","optional":true,"sensitive":true},"project_id":{"type":"string","description_kind":"plain","required":true},"username":{"type":"string","description_kind":"plain","required":true},"x509_type":{"type":"string","description_kind":"plain","optional":true}},"block_types":{"labels":{"nesting_mode":"set","block":{"attributes":{"key":{"type":"string","description_kind":"plain","optional":true,"computed":true},"value":{"type":"string","description_kind":"plain","optional":true,"computed":true}},"description_kind":"plain"}},"roles":{"nesting_mode":"set","block":{"attributes":{"collection_name":{"type":"string","description_kind":"plain","optional":true,"computed":true},"database_name":{"type":"string","description_kind":"plain","optional":true,"computed":true},"role_name":{"type":"string","description_kind":"plain","optional":true,"computed":true}},"description_kind":"plain"}}},"description_kind":"plain"}},"mongodbatlas_encryption_at_rest":{"version":0,"block":{"attributes":{"aws_kms":{"type":["map","string"],"description_kind":"plain","optional":true},"azure_key_vault":{"type":["map","string"],"description_kind":"plain","optional":true},"google_cloud_kms":{"type":["map","string"],"description_kind":"plain","optional":true},"id":{"type":"string","description_kind":"plain","optional":true,"computed":true},"project_id":{"type":"string","description_kind":"plain","required":true}},"description_kind":"plain"}},"mongodbatlas_global_cluster_config":{"version":0,"block":{"attributes":{"cluster_name":{"type":"string","description_kind":"plain","required":true},"custom_zone_mapping":{"type":["map","string"],"description_kind":"plain","computed":true},"id":{"type":"string","description_kind":"plain","optional":true,"computed":true},"project_id":{"type":"string","description_kind":"plain","required":true}},"block_types":{"custom_zone_mappings":{"nesting_mode":"set","block":{"attributes":{"location":{"type":"string","description_kind":"plain","optional":true,"computed":true},"zone":{"type":"string","description_kind":"plain","optional":true,"computed":true}},"description_kind":"plain"}},"managed_namespaces":{"nesting_mode":"set","block":{"attributes":{"collection":{"type":"string","description_kind":"plain","required":true},"custom_shard_key":{"type":"string","description_kind":"plain","required":true},"db":{"type":"string","description_kind":"plain","required":true}},"description_kind":"plain"}}},"description_kind":"plain"}},"mongodbatlas_maintenance_window":{"version":0,"block":{"attributes":{"day_of_week":{"type":"number","description_kind":"plain","optional":true,"computed":true},"defer":{"type":"bool","description_kind":"plain","optional":true,"computed":true},"hour_of_day":{"type":"number","description_kind":"plain","optional":true,"computed":true},"id":{"type":"string","description_kind":"plain","optional":true,"computed":true},"number_of_deferrals":{"type":"number","description_kind":"plain","optional":true,"computed":true},"project_id":{"type":"string","description_kind":"plain","required":true},"start_asap":{"type":"bool","description_kind":"plain","computed":true}},"description_kind":"plain"}},"mongodbatlas_network_container":{"version":0,"block":{"attributes":{"atlas_cidr_block":{"type":"string","description_kind":"plain","required":true},"azure_subscription_id":{"type":"string","description_kind":"plain","computed":true},"container_id":{"type":"string","description_kind":"plain","computed":true},"gcp_project_id":{"type":"string","description_kind":"plain","computed":true},"id":{"type":"string","description_kind":"plain","optional":true,"computed":true},"network_name":{"type":"string","description_kind":"plain","computed":true},"project_id":{"type":"string","description_kind":"plain","required":true},"provider_name":{"type":"string","description_kind":"plain","optional":true},"provisioned":{"type":"bool","description_kind":"plain","computed":true},"region":{"type":"string","description_kind":"plain","optional":true,"computed":true},"region_name":{"type":"string","description_kind":"plain","optional":true,"computed":true},"vnet_name":{"type":"string","description_kind":"plain","computed":true},"vpc_id":{"type":"string","description_kind":"plain","computed":true}},"description_kind":"plain"}},"mongodbatlas_network_peering":{"version":0,"block":{"attributes":{"accepter_region_name":{"type":"string","description_kind":"plain","optional":true,"computed":true},"atlas_cidr_block":{"type":"string","description_kind":"plain","optional":true,"computed":true},"atlas_gcp_project_id":{"type":"string","description_kind":"plain","optional":true,"computed":true},"atlas_id":{"type":"string","description_kind":"plain","computed":true},"atlas_vpc_name":{"type":"string","description_kind":"plain","optional":true,"computed":true},"aws_account_id":{"type":"string","description_kind":"plain","optional":true,"computed":true},"azure_directory_id":{"type":"string","description_kind":"plain","optional":true,"computed":true},"azure_subscription_id":{"type":"string","description_kind":"plain","optional":true,"computed":true},"connection_id":{"type":"string","description_kind":"plain","computed":true},"container_id":{"type":"string","description_kind":"plain","required":true},"error_message":{"type":"string","description_kind":"plain","computed":true},"error_state":{"type":"string","description_kind":"plain","computed":true},"error_state_name":{"type":"string","description_kind":"plain","computed":true},"gcp_project_id":{"type":"string","description_kind":"plain","optional":true,"computed":true},"id":{"type":"string","description_kind":"plain","optional":true,"computed":true},"network_name":{"type":"string","description_kind":"plain","optional":true,"computed":true},"peer_id":{"type":"string","description_kind":"plain","computed":true},"project_id":{"type":"string","description_kind":"plain","required":true},"provider_name":{"type":"string","description_kind":"plain","required":true},"resource_group_name":{"type":"string","description_kind":"plain","optional":true,"computed":true},"route_table_cidr_block":{"type":"string","description_kind":"plain","optional":true,"computed":true},"status":{"type":"string","description_kind":"plain","computed":true},"status_name":{"type":"string","description_kind":"plain","computed":true},"vnet_name":{"type":"string","description_kind":"plain","optional":true,"computed":true},"vpc_id":{"type":"string","description_kind":"plain","optional":true,"computed":true}},"description_kind":"plain"}},"mongodbatlas_private_endpoint":{"version":0,"block":{"attributes":{"endpoint_service_name":{"type":"string","description_kind":"plain","computed":true},"error_message":{"type":"string","description_kind":"plain","computed":true},"id":{"type":"string","description_kind":"plain","optional":true,"computed":true},"interface_endpoints":{"type":["list","string"],"description_kind":"plain","computed":true},"private_link_id":{"type":"string","description_kind":"plain","computed":true},"project_id":{"type":"string","description_kind":"plain","required":true},"provider_name":{"type":"string","description_kind":"plain","required":true},"region":{"type":"string","description_kind":"plain","required":true},"status":{"type":"string","description_kind":"plain","computed":true}},"description_kind":"plain"}},"mongodbatlas_private_endpoint_interface_link":{"version":0,"block":{"attributes":{"connection_status":{"type":"string","description_kind":"plain","computed":true},"delete_requested":{"type":"bool","description_kind":"plain","computed":true},"error_message":{"type":"string","description_kind":"plain","computed":true},"id":{"type":"string","description_kind":"plain","optional":true,"computed":true},"interface_endpoint_id":{"type":"string","description_kind":"plain","required":true},"private_link_id":{"type":"string","description_kind":"plain","required":true},"project_id":{"type":"string","description_kind":"plain","required":true}},"description_kind":"plain"}},"mongodbatlas_private_ip_mode":{"version":0,"block":{"attributes":{"enabled":{"type":"bool","description_kind":"plain","required":true},"id":{"type":"string","description_kind":"plain","optional":true,"computed":true},"project_id":{"type":"string","description_kind":"plain","required":true}},"description_kind":"plain"}},"mongodbatlas_project":{"version":0,"block":{"attributes":{"cluster_count":{"type":"number","description_kind":"plain","computed":true},"created":{"type":"string","description_kind":"plain","computed":true},"id":{"type":"string","description_kind":"plain","optional":true,"computed":true},"name":{"type":"string","description_kind":"plain","required":true},"org_id":{"type":"string","description_kind":"plain","required":true}},"block_types":{"teams":{"nesting_mode":"set","block":{"attributes":{"role_names":{"type":["set","string"],"description_kind":"plain","required":true},"team_id":{"type":"string","description_kind":"plain","required":true}},"description_kind":"plain"}}},"description_kind":"plain"}},"mongodbatlas_project_ip_whitelist":{"version":0,"block":{"attributes":{"aws_security_group":{"type":"string","description_kind":"plain","optional":true,"computed":true},"cidr_block":{"type":"string","description_kind":"plain","optional":true,"computed":true},"comment":{"type":"string","description_kind":"plain","optional":true,"computed":true},"id":{"type":"string","description_kind":"plain","optional":true,"computed":true},"ip_address":{"type":"string","description_kind":"plain","optional":true,"computed":true},"project_id":{"type":"string","description_kind":"plain","required":true}},"block_types":{"timeouts":{"nesting_mode":"single","block":{"attributes":{"delete":{"type":"string","description_kind":"plain","optional":true},"read":{"type":"string","description_kind":"plain","optional":true}},"description_kind":"plain"}}},"description_kind":"plain"}},"mongodbatlas_team":{"version":0,"block":{"attributes":{"id":{"type":"string","description_kind":"plain","optional":true,"computed":true},"name":{"type":"string","description_kind":"plain","required":true},"org_id":{"type":"string","description_kind":"plain","required":true},"team_id":{"type":"string","description_kind":"plain","computed":true},"usernames":{"type":["set","string"],"description_kind":"plain","required":true}},"description_kind":"plain"}},"mongodbatlas_teams":{"version":0,"block":{"attributes":{"id":{"type":"string","description_kind":"plain","optional":true,"computed":true},"name":{"type":"string","description_kind":"plain","required":true},"org_id":{"type":"string","description_kind":"plain","required":true},"team_id":{"type":"string","description_kind":"plain","computed":true},"usernames":{"type":["set","string"],"description_kind":"plain","required":true}},"description_kind":"plain"}},"mongodbatlas_x509_authentication_database_user":{"version":0,"block":{"attributes":{"certificates":{"type":["list",["object",{"created_at":"string","group_id":"string","id":"number","not_after":"string","subject":"string"}]],"description_kind":"plain","computed":true},"current_certificate":{"type":"string","description_kind":"plain","computed":true,"sensitive":true},"customer_x509_cas":{"type":"string","description_kind":"plain","optional":true,"sensitive":true},"id":{"type":"string","description_kind":"plain","optional":true,"computed":true},"months_until_expiration":{"type":"number","description_kind":"plain","optional":true},"project_id":{"type":"string","description_kind":"plain","required":true},"username":{"type":"string","description_kind":"plain","optional":true}},"description_kind":"plain"}}},"data_source_schemas":{"mongodbatlas_alert_configuration":{"version":0,"block":{"attributes":{"alert_configuration_id":{"type":"string","description_kind":"plain","required":true},"created":{"type":"string","description_kind":"plain","computed":true},"enabled":{"type":"bool","description_kind":"plain","computed":true},"event_type":{"type":"string","description_kind":"plain","computed":true},"id":{"type":"string","description_kind":"plain","optional":true,"computed":true},"matcher":{"type":["list",["object",{"field_name":"string","operator":"string","value":"string"}]],"description_kind":"plain","computed":true},"metric_threshold":{"type":["map","string"],"description_kind":"plain","computed":true},"notification":{"type":["list",["object",{"api_token":"string","channel_name":"string","datadog_api_key":"string","datadog_region":"string","delay_min":"number","email_address":"string","email_enabled":"bool","flow_name":"string","flowdock_api_token":"string","interval_min":"number","mobile_number":"string","ops_genie_api_key":"string","ops_genie_region":"string","org_name":"string","roles":["list","string"],"service_key":"string","sms_enabled":"bool","team_id":"string","type_name":"string","username":"string","victor_ops_api_key":"string","victor_ops_routing_key":"string"}]],"description_kind":"plain","computed":true},"project_id":{"type":"string","description_kind":"plain","required":true},"threshold":{"type":["map","string"],"description_kind":"plain","computed":true},"updated":{"type":"string","description_kind":"plain","computed":true}},"description_kind":"plain"}},"mongodbatlas_auditing":{"version":0,"block":{"attributes":{"audit_authorization_success":{"type":"bool","description_kind":"plain","computed":true},"audit_filter":{"type":"string","description_kind":"plain","computed":true},"configuration_type":{"type":"string","description_kind":"plain","computed":true},"enabled":{"type":"bool","description_kind":"plain","computed":true},"id":{"type":"string","description_kind":"plain","optional":true,"computed":true},"project_id":{"type":"string","description_kind":"plain","required":true}},"description_kind":"plain"}},"mongodbatlas_cloud_provider_snapshot":{"version":0,"block":{"attributes":{"cluster_name":{"type":"string","description_kind":"plain","required":true},"created_at":{"type":"string","description_kind":"plain","computed":true},"description":{"type":"string","description_kind":"plain","computed":true},"expires_at":{"type":"string","description_kind":"plain","computed":true},"id":{"type":"string","description_kind":"plain","optional":true,"computed":true},"master_key_uuid":{"type":"string","description_kind":"plain","computed":true},"mongod_version":{"type":"string","description_kind":"plain","computed":true},"project_id":{"type":"string","description_kind":"plain","required":true},"snapshot_id":{"type":"string","description_kind":"plain","required":true},"snapshot_type":{"type":"string","description_kind":"plain","computed":true},"status":{"type":"string","description_kind":"plain","computed":true},"storage_size_bytes":{"type":"number","description_kind":"plain","computed":true},"type":{"type":"string","description_kind":"plain","computed":true}},"description_kind":"plain"}},"mongodbatlas_cloud_provider_snapshot_backup_policy":{"version":0,"block":{"attributes":{"cluster_id":{"type":"string","description_kind":"plain","computed":true},"cluster_name":{"type":"string","description_kind":"plain","required":true},"id":{"type":"string","description_kind":"plain","optional":true,"computed":true},"next_snapshot":{"type":"string","description_kind":"plain","computed":true},"policies":{"type":["list",["object",{"id":"string","policy_item":["list",["object",{"frequency_interval":"number","frequency_type":"string","id":"string","retention_unit":"string","retention_value":"number"}]]}]],"description_kind":"plain","computed":true},"project_id":{"type":"string","description_kind":"plain","required":true},"reference_hour_of_day":{"type":"number","description_kind":"plain","computed":true},"reference_minute_of_hour":{"type":"number","description_kind":"plain","computed":true},"restore_window_days":{"type":"number","description_kind":"plain","computed":true},"update_snapshots":{"type":"bool","description_kind":"plain","computed":true}},"description_kind":"plain"}},"mongodbatlas_cloud_provider_snapshot_restore_job":{"version":0,"block":{"attributes":{"cancelled":{"type":"bool","description_kind":"plain","computed":true},"cluster_name":{"type":"string","description_kind":"plain","required":true},"created_at":{"type":"string","description_kind":"plain","computed":true},"delivery_type":{"type":"string","description_kind":"plain","computed":true},"delivery_url":{"type":["list","string"],"description_kind":"plain","computed":true},"expired":{"type":"bool","description_kind":"plain","computed":true},"expires_at":{"type":"string","description_kind":"plain","computed":true},"finished_at":{"type":"string","description_kind":"plain","computed":true},"id":{"type":"string","description_kind":"plain","optional":true,"computed":true},"job_id":{"type":"string","description_kind":"plain","required":true},"oplog_inc":{"type":"number","description_kind":"plain","computed":true},"oplog_ts":{"type":"number","description_kind":"plain","computed":true},"point_in_time_utc_seconds":{"type":"number","description_kind":"plain","computed":true},"project_id":{"type":"string","description_kind":"plain","required":true},"snapshot_id":{"type":"string","description_kind":"plain","computed":true},"target_cluster_name":{"type":"string","description_kind":"plain","computed":true},"target_project_id":{"type":"string","description_kind":"plain","computed":true},"timestamp":{"type":"string","description_kind":"plain","computed":true}},"description_kind":"plain"}},"mongodbatlas_cloud_provider_snapshot_restore_jobs":{"version":0,"block":{"attributes":{"cluster_name":{"type":"string","description_kind":"plain","required":true},"id":{"type":"string","description_kind":"plain","optional":true,"computed":true},"items_per_page":{"type":"number","description_kind":"plain","optional":true},"page_num":{"type":"number","description_kind":"plain","optional":true},"project_id":{"type":"string","description_kind":"plain","required":true},"results":{"type":["list",["object",{"cancelled":"bool","created_at":"string","delivery_type":"string","delivery_url":["list","string"],"expired":"bool","expires_at":"string","finished_at":"string","id":"string","oplog_inc":"number","oplog_ts":"number","point_in_time_utc_seconds":"number","snapshot_id":"string","target_cluster_name":"string","target_project_id":"string","timestamp":"string"}]],"description_kind":"plain","computed":true},"total_count":{"type":"number","description_kind":"plain","computed":true}},"description_kind":"plain"}},"mongodbatlas_cloud_provider_snapshots":{"version":0,"block":{"attributes":{"cluster_name":{"type":"string","description_kind":"plain","required":true},"id":{"type":"string","description_kind":"plain","optional":true,"computed":true},"items_per_page":{"type":"number","description_kind":"plain","optional":true},"page_num":{"type":"number","description_kind":"plain","optional":true},"project_id":{"type":"string","description_kind":"plain","required":true},"results":{"type":["list",["object",{"created_at":"string","description":"string","expires_at":"string","id":"string","master_key_uuid":"string","mongod_version":"string","snapshot_type":"string","status":"string","storage_size_bytes":"number","type":"string"}]],"description_kind":"plain","computed":true},"total_count":{"type":"number","description_kind":"plain","computed":true}},"description_kind":"plain"}},"mongodbatlas_cluster":{"version":1,"block":{"attributes":{"auto_scaling_compute_enabled":{"type":"bool","description_kind":"plain","computed":true},"auto_scaling_compute_scale_down_enabled":{"type":"bool","description_kind":"plain","computed":true},"auto_scaling_disk_gb_enabled":{"type":"bool","description_kind":"plain","computed":true},"backing_provider_name":{"type":"string","description_kind":"plain","computed":true},"backup_enabled":{"type":"bool","description_kind":"plain","computed":true},"bi_connector":{"type":["map","string"],"description_kind":"plain","computed":true},"cluster_type":{"type":"string","description_kind":"plain","computed":true},"connection_strings":{"type":["list",["object",{"aws_private_link":["map","string"],"aws_private_link_srv":["map","string"],"private":"string","private_srv":"string","standard":"string","standard_srv":"string"}]],"description_kind":"plain","computed":true},"container_id":{"type":"string","description_kind":"plain","computed":true},"disk_size_gb":{"type":"number","description_kind":"plain","computed":true},"encryption_at_rest_provider":{"type":"string","description_kind":"plain","computed":true},"id":{"type":"string","description_kind":"plain","optional":true,"computed":true},"labels":{"type":["set",["object",{"key":"string","value":"string"}]],"description_kind":"plain","computed":true},"mongo_db_major_version":{"type":"string","description_kind":"plain","computed":true},"mongo_db_version":{"type":"string","description_kind":"plain","computed":true},"mongo_uri":{"type":"string","description_kind":"plain","computed":true},"mongo_uri_updated":{"type":"string","description_kind":"plain","computed":true},"mongo_uri_with_options":{"type":"string","description_kind":"plain","computed":true},"name":{"type":"string","description_kind":"plain","required":true},"num_shards":{"type":"number","description_kind":"plain","computed":true},"paused":{"type":"bool","description_kind":"plain","computed":true},"pit_enabled":{"type":"bool","description_kind":"plain","computed":true},"project_id":{"type":"string","description_kind":"plain","required":true},"provider_auto_scaling_compute_max_instance_size":{"type":"string","description_kind":"plain","computed":true},"provider_auto_scaling_compute_min_instance_size":{"type":"string","description_kind":"plain","computed":true},"provider_backup_enabled":{"type":"bool","description_kind":"plain","computed":true},"provider_disk_iops":{"type":"number","description_kind":"plain","computed":true},"provider_disk_type_name":{"type":"string","description_kind":"plain","computed":true},"provider_encrypt_ebs_volume":{"type":"bool","description_kind":"plain","computed":true},"provider_instance_size_name":{"type":"string","description_kind":"plain","computed":true},"provider_name":{"type":"string","description_kind":"plain","computed":true},"provider_region_name":{"type":"string","description_kind":"plain","computed":true},"provider_volume_type":{"type":"string","description_kind":"plain","computed":true},"replication_factor":{"type":"number","description_kind":"plain","computed":true},"replication_specs":{"type":["list",["object",{"id":"string","num_shards":"number","regions_config":["set",["object",{"analytics_nodes":"number","electable_nodes":"number","priority":"number","read_only_nodes":"number","region_name":"string"}]],"zone_name":"string"}]],"description_kind":"plain","computed":true},"snapshot_backup_policy":{"type":["list",["object",{"cluster_id":"string","cluster_name":"string","next_snapshot":"string","policies":["list",["object",{"id":"string","policy_item":["list",["object",{"frequency_interval":"number","frequency_type":"string","id":"string","retention_unit":"string","retention_value":"number"}]]}]],"reference_hour_of_day":"number","reference_minute_of_hour":"number","restore_window_days":"number","update_snapshots":"bool"}]],"description_kind":"plain","computed":true},"srv_address":{"type":"string","description_kind":"plain","computed":true},"state_name":{"type":"string","description_kind":"plain","computed":true}},"description_kind":"plain"}},"mongodbatlas_clusters":{"version":0,"block":{"attributes":{"id":{"type":"string","description_kind":"plain","optional":true,"computed":true},"project_id":{"type":"string","description_kind":"plain","required":true},"results":{"type":["list",["object",{"auto_scaling_compute_enabled":"bool","auto_scaling_compute_scale_down_enabled":"bool","auto_scaling_disk_gb_enabled":"bool","backing_provider_name":"string","backup_enabled":"bool","bi_connector":["map","string"],"cluster_type":"string","connection_strings":["list",["object",{"aws_private_link":["map","string"],"aws_private_link_srv":["map","string"],"private":"string","private_srv":"string","standard":"string","standard_srv":"string"}]],"container_id":"string","disk_size_gb":"number","encryption_at_rest_provider":"string","labels":["set",["object",{"key":"string","value":"string"}]],"mongo_db_major_version":"string","mongo_db_version":"string","mongo_uri":"string","mongo_uri_updated":"string","mongo_uri_with_options":"string","name":"string","num_shards":"number","paused":"bool","pit_enabled":"bool","provider_auto_scaling_compute_max_instance_size":"string","provider_auto_scaling_compute_min_instance_size":"string","provider_backup_enabled":"bool","provider_disk_iops":"number","provider_disk_type_name":"string","provider_encrypt_ebs_volume":"bool","provider_instance_size_name":"string","provider_name":"string","provider_region_name":"string","provider_volume_type":"string","replication_factor":"number","replication_specs":["list",["object",{"id":"string","num_shards":"number","regions_config":["set",["object",{"analytics_nodes":"number","electable_nodes":"number","priority":"number","read_only_nodes":"number","region_name":"string"}]],"zone_name":"string"}]],"snapshot_backup_policy":["list",["object",{"cluster_id":"string","cluster_name":"string","next_snapshot":"string","policies":["list",["object",{"id":"string","policy_item":["list",["object",{"frequency_interval":"number","frequency_type":"string","id":"string","retention_unit":"string","retention_value":"number"}]]}]],"reference_hour_of_day":"number","reference_minute_of_hour":"number","restore_window_days":"number","update_snapshots":"bool"}]],"srv_address":"string","state_name":"string"}]],"description_kind":"plain","computed":true}},"description_kind":"plain"}},"mongodbatlas_custom_db_role":{"version":0,"block":{"attributes":{"actions":{"type":["list",["object",{"action":"string","resources":["set",["object",{"cluster":"bool","collection_name":"string","database_name":"string"}]]}]],"description_kind":"plain","computed":true},"id":{"type":"string","description_kind":"plain","optional":true,"computed":true},"project_id":{"type":"string","description_kind":"plain","required":true},"role_name":{"type":"string","description_kind":"plain","required":true}},"block_types":{"inherited_roles":{"nesting_mode":"list","block":{"attributes":{"database_name":{"type":"string","description_kind":"plain","computed":true},"role_name":{"type":"string","description_kind":"plain","computed":true}},"description_kind":"plain"}}},"description_kind":"plain"}},"mongodbatlas_custom_db_roles":{"version":0,"block":{"attributes":{"id":{"type":"string","description_kind":"plain","optional":true,"computed":true},"project_id":{"type":"string","description_kind":"plain","required":true},"results":{"type":["list",["object",{"actions":["list",["object",{"action":"string","resources":["set",["object",{"cluster":"bool","collection_name":"string","database_name":"string"}]]}]],"inherited_roles":["list",["object",{"database_name":"string","role_name":"string"}]],"role_name":"string"}]],"description_kind":"plain","computed":true}},"description_kind":"plain"}},"mongodbatlas_database_user":{"version":0,"block":{"attributes":{"auth_database_name":{"type":"string","description_kind":"plain","optional":true},"aws_iam_type":{"type":"string","description_kind":"plain","computed":true},"database_name":{"type":"string","description_kind":"plain","deprecated":true,"optional":true},"id":{"type":"string","description_kind":"plain","optional":true,"computed":true},"labels":{"type":["list",["object",{"key":"string","value":"string"}]],"description_kind":"plain","computed":true},"project_id":{"type":"string","description_kind":"plain","required":true},"roles":{"type":["list",["object",{"collection_name":"string","database_name":"string","role_name":"string"}]],"description_kind":"plain","computed":true},"username":{"type":"string","description_kind":"plain","required":true},"x509_type":{"type":"string","description_kind":"plain","computed":true}},"description_kind":"plain"}},"mongodbatlas_database_users":{"version":0,"block":{"attributes":{"id":{"type":"string","description_kind":"plain","optional":true,"computed":true},"project_id":{"type":"string","description_kind":"plain","required":true},"results":{"type":["list",["object",{"auth_database_name":"string","aws_iam_type":"string","labels":["set",["object",{"key":"string","value":"string"}]],"project_id":"string","roles":["list",["object",{"collection_name":"string","database_name":"string","role_name":"string"}]],"username":"string","x509_type":"string"}]],"description_kind":"plain","computed":true}},"description_kind":"plain"}},"mongodbatlas_global_cluster_config":{"version":0,"block":{"attributes":{"cluster_name":{"type":"string","description_kind":"plain","required":true},"custom_zone_mapping":{"type":["map","string"],"description_kind":"plain","computed":true},"id":{"type":"string","description_kind":"plain","optional":true,"computed":true},"project_id":{"type":"string","description_kind":"plain","required":true}},"block_types":{"managed_namespaces":{"nesting_mode":"set","block":{"attributes":{"collection":{"type":"string","description_kind":"plain","required":true},"custom_shard_key":{"type":"string","description_kind":"plain","required":true},"db":{"type":"string","description_kind":"plain","required":true}},"description_kind":"plain"}}},"description_kind":"plain"}},"mongodbatlas_maintenance_window":{"version":0,"block":{"attributes":{"day_of_week":{"type":"number","description_kind":"plain","computed":true},"hour_of_day":{"type":"number","description_kind":"plain","computed":true},"id":{"type":"string","description_kind":"plain","optional":true,"computed":true},"number_of_deferrals":{"type":"number","description_kind":"plain","computed":true},"project_id":{"type":"string","description_kind":"plain","required":true},"start_asap":{"type":"bool","description_kind":"plain","computed":true}},"description_kind":"plain"}},"mongodbatlas_network_container":{"version":0,"block":{"attributes":{"atlas_cidr_block":{"type":"string","description_kind":"plain","computed":true},"azure_subscription_id":{"type":"string","description_kind":"plain","computed":true},"container_id":{"type":"string","description_kind":"plain","required":true},"gcp_project_id":{"type":"string","description_kind":"plain","computed":true},"id":{"type":"string","description_kind":"plain","optional":true,"computed":true},"network_name":{"type":"string","description_kind":"plain","computed":true},"project_id":{"type":"string","description_kind":"plain","required":true},"provider_name":{"type":"string","description_kind":"plain","computed":true},"provisioned":{"type":"bool","description_kind":"plain","computed":true},"region":{"type":"string","description_kind":"plain","computed":true},"region_name":{"type":"string","description_kind":"plain","computed":true},"vnet_name":{"type":"string","description_kind":"plain","computed":true},"vpc_id":{"type":"string","description_kind":"plain","computed":true}},"description_kind":"plain"}},"mongodbatlas_network_containers":{"version":0,"block":{"attributes":{"id":{"type":"string","description_kind":"plain","optional":true,"computed":true},"project_id":{"type":"string","description_kind":"plain","required":true},"provider_name":{"type":"string","description_kind":"plain","required":true},"results":{"type":["list",["object",{"atlas_cidr_block":"string","azure_subscription_id":"string","gcp_project_id":"string","id":"string","network_name":"string","provider_name":"string","provisioned":"bool","region":"string","region_name":"string","vnet_name":"string","vpc_id":"string"}]],"description_kind":"plain","computed":true}},"description_kind":"plain"}},"mongodbatlas_network_peering":{"version":0,"block":{"attributes":{"accepter_region_name":{"type":"string","description_kind":"plain","computed":true},"atlas_cidr_block":{"type":"string","description_kind":"plain","computed":true},"atlas_id":{"type":"string","description_kind":"plain","computed":true},"aws_account_id":{"type":"string","description_kind":"plain","computed":true},"azure_directory_id":{"type":"string","description_kind":"plain","computed":true},"azure_subscription_id":{"type":"string","description_kind":"plain","computed":true},"connection_id":{"type":"string","description_kind":"plain","computed":true},"container_id":{"type":"string","description_kind":"plain","computed":true},"error_message":{"type":"string","description_kind":"plain","computed":true},"error_state":{"type":"string","description_kind":"plain","computed":true},"error_state_name":{"type":"string","description_kind":"plain","computed":true},"gcp_project_id":{"type":"string","description_kind":"plain","computed":true},"id":{"type":"string","description_kind":"plain","optional":true,"computed":true},"network_name":{"type":"string","description_kind":"plain","computed":true},"peering_id":{"type":"string","description_kind":"plain","required":true},"project_id":{"type":"string","description_kind":"plain","required":true},"provider_name":{"type":"string","description_kind":"plain","computed":true},"resource_group_name":{"type":"string","description_kind":"plain","computed":true},"route_table_cidr_block":{"type":"string","description_kind":"plain","computed":true},"status":{"type":"string","description_kind":"plain","computed":true},"status_name":{"type":"string","description_kind":"plain","computed":true},"vnet_name":{"type":"string","description_kind":"plain","computed":true},"vpc_id":{"type":"string","description_kind":"plain","computed":true}},"description_kind":"plain"}},"mongodbatlas_network_peerings":{"version":0,"block":{"attributes":{"id":{"type":"string","description_kind":"plain","optional":true,"computed":true},"project_id":{"type":"string","description_kind":"plain","required":true},"results":{"type":["list",["object",{"accepter_region_name":"string","atlas_cidr_block":"string","aws_account_id":"string","azure_directory_id":"string","azure_subscription_id":"string","connection_id":"string","container_id":"string","error_message":"string","error_state":"string","error_state_name":"string","gcp_project_id":"string","network_name":"string","peering_id":"string","provider_name":"string","resource_group_name":"string","route_table_cidr_block":"string","status":"string","status_name":"string","vnet_name":"string","vpc_id":"string"}]],"description_kind":"plain","computed":true}},"description_kind":"plain"}},"mongodbatlas_private_endpoint":{"version":0,"block":{"attributes":{"endpoint_service_name":{"type":"string","description_kind":"plain","computed":true},"error_message":{"type":"string","description_kind":"plain","computed":true},"id":{"type":"string","description_kind":"plain","optional":true,"computed":true},"interface_endpoints":{"type":["list","string"],"description_kind":"plain","computed":true},"private_link_id":{"type":"string","description_kind":"plain","required":true},"project_id":{"type":"string","description_kind":"plain","required":true},"status":{"type":"string","description_kind":"plain","computed":true}},"description_kind":"plain"}},"mongodbatlas_private_endpoint_interface_link":{"version":0,"block":{"attributes":{"connection_status":{"type":"string","description_kind":"plain","computed":true},"delete_requested":{"type":"bool","description_kind":"plain","computed":true},"error_message":{"type":"string","description_kind":"plain","computed":true},"id":{"type":"string","description_kind":"plain","optional":true,"computed":true},"interface_endpoint_id":{"type":"string","description_kind":"plain","required":true},"private_link_id":{"type":"string","description_kind":"plain","required":true},"project_id":{"type":"string","description_kind":"plain","required":true}},"description_kind":"plain"}},"mongodbatlas_project":{"version":0,"block":{"attributes":{"cluster_count":{"type":"number","description_kind":"plain","computed":true},"created":{"type":"string","description_kind":"plain","computed":true},"id":{"type":"string","description_kind":"plain","optional":true,"computed":true},"name":{"type":"string","description_kind":"plain","optional":true},"org_id":{"type":"string","description_kind":"plain","computed":true},"project_id":{"type":"string","description_kind":"plain","optional":true},"teams":{"type":["list",["object",{"role_names":["list","string"],"team_id":"string"}]],"description_kind":"plain","computed":true}},"description_kind":"plain"}},"mongodbatlas_project_ip_whitelist":{"version":0,"block":{"attributes":{"aws_security_group":{"type":"string","description_kind":"plain","optional":true,"computed":true},"cidr_block":{"type":"string","description_kind":"plain","optional":true,"computed":true},"comment":{"type":"string","description_kind":"plain","computed":true},"id":{"type":"string","description_kind":"plain","optional":true,"computed":true},"ip_address":{"type":"string","description_kind":"plain","optional":true,"computed":true},"project_id":{"type":"string","description_kind":"plain","required":true}},"description_kind":"plain"}},"mongodbatlas_projects":{"version":0,"block":{"attributes":{"id":{"type":"string","description_kind":"plain","optional":true,"computed":true},"items_per_page":{"type":"number","description_kind":"plain","optional":true},"page_num":{"type":"number","description_kind":"plain","optional":true},"results":{"type":["list",["object",{"cluster_count":"number","created":"string","id":"string","name":"string","org_id":"string","teams":["list",["object",{"role_names":["list","string"],"team_id":"string"}]]}]],"description_kind":"plain","computed":true},"total_count":{"type":"number","description_kind":"plain","computed":true}},"description_kind":"plain"}},"mongodbatlas_team":{"version":0,"block":{"attributes":{"id":{"type":"string","description_kind":"plain","optional":true,"computed":true},"name":{"type":"string","description_kind":"plain","optional":true,"computed":true},"org_id":{"type":"string","description_kind":"plain","required":true},"team_id":{"type":"string","description_kind":"plain","optional":true,"computed":true},"usernames":{"type":["set","string"],"description_kind":"plain","computed":true}},"description_kind":"plain"}},"mongodbatlas_teams":{"version":0,"block":{"attributes":{"id":{"type":"string","description_kind":"plain","optional":true,"computed":true},"name":{"type":"string","description_kind":"plain","optional":true,"computed":true},"org_id":{"type":"string","description_kind":"plain","required":true},"team_id":{"type":"string","description_kind":"plain","optional":true,"computed":true},"usernames":{"type":["set","string"],"description_kind":"plain","computed":true}},"description_kind":"plain"}},"mongodbatlas_x509_authentication_database_user":{"version":0,"block":{"attributes":{"certificates":{"type":["list",["object",{"created_at":"string","group_id":"string","id":"number","not_after":"string","subject":"string"}]],"description_kind":"plain","computed":true},"customer_x509_cas":{"type":"string","description_kind":"plain","computed":true,"sensitive":true},"id":{"type":"string","description_kind":"plain","optional":true,"computed":true},"project_id":{"type":"string","description_kind":"plain","required":true},"username":{"type":"string","description_kind":"plain","optional":true}},"description_kind":"plain"}}}}}}
