{"format_version":"0.1","provider_schemas":{"registry.terraform.io/vultr/vultr":{"provider":{"version":0,"block":{"attributes":{"api_key":{"type":"string","description":"The API Key that allows interaction with the API","description_kind":"plain","required":true},"rate_limit":{"type":"number","description":"Allows users to set the speed of API calls to work with the Vultr Rate Limit","description_kind":"plain","optional":true},"retry_limit":{"type":"number","description":"Allows users to set the maximum number of retries allowed for a failed API call.","description_kind":"plain","optional":true}},"description_kind":"plain"}},"resource_schemas":{"vultr_bare_metal_server":{"version":0,"block":{"attributes":{"app_id":{"type":"string","description_kind":"plain","optional":true,"computed":true},"cpu_count":{"type":"number","description_kind":"plain","computed":true},"date_created":{"type":"string","description_kind":"plain","computed":true},"default_password":{"type":"string","description_kind":"plain","computed":true,"sensitive":true},"disk":{"type":"string","description_kind":"plain","computed":true},"enable_ipv6":{"type":"bool","description_kind":"plain","optional":true},"gateway_v4":{"type":"string","description_kind":"plain","computed":true},"hostname":{"type":"string","description_kind":"plain","optional":true},"id":{"type":"string","description_kind":"plain","optional":true,"computed":true},"label":{"type":"string","description_kind":"plain","optional":true},"main_ip":{"type":"string","description_kind":"plain","computed":true},"netmask_v4":{"type":"string","description_kind":"plain","computed":true},"notify_activate":{"type":"bool","description_kind":"plain","optional":true},"os":{"type":"string","description_kind":"plain","computed":true},"os_id":{"type":"string","description_kind":"plain","optional":true,"computed":true},"plan_id":{"type":"number","description_kind":"plain","required":true},"ram":{"type":"string","description_kind":"plain","computed":true},"region_id":{"type":"number","description_kind":"plain","required":true},"script_id":{"type":"string","description_kind":"plain","optional":true},"snapshot_id":{"type":"string","description_kind":"plain","optional":true},"ssh_key_ids":{"type":["list","string"],"description_kind":"plain","optional":true},"status":{"type":"string","description_kind":"plain","computed":true},"tag":{"type":"string","description_kind":"plain","optional":true},"user_data":{"type":"string","description_kind":"plain","optional":true},"v6_networks":{"type":["list",["map","string"]],"description_kind":"plain","computed":true}},"description_kind":"plain"}},"vultr_block_storage":{"version":0,"block":{"attributes":{"attached_id":{"type":"string","description_kind":"plain","optional":true},"cost_per_month":{"type":"string","description_kind":"plain","computed":true},"date_created":{"type":"string","description_kind":"plain","computed":true},"id":{"type":"string","description_kind":"plain","optional":true,"computed":true},"label":{"type":"string","description_kind":"plain","optional":true},"live":{"type":"string","description_kind":"plain","optional":true},"region_id":{"type":"number","description_kind":"plain","required":true},"size_gb":{"type":"number","description_kind":"plain","required":true},"status":{"type":"string","description_kind":"plain","computed":true}},"description_kind":"plain"}},"vultr_dns_domain":{"version":0,"block":{"attributes":{"domain":{"type":"string","description_kind":"plain","required":true},"id":{"type":"string","description_kind":"plain","optional":true,"computed":true},"server_ip":{"type":"string","description_kind":"plain","optional":true}},"description_kind":"plain"}},"vultr_dns_record":{"version":0,"block":{"attributes":{"data":{"type":"string","description_kind":"plain","required":true},"domain":{"type":"string","description_kind":"plain","required":true},"id":{"type":"string","description_kind":"plain","optional":true,"computed":true},"name":{"type":"string","description_kind":"plain","required":true},"priority":{"type":"number","description_kind":"plain","optional":true},"ttl":{"type":"number","description_kind":"plain","optional":true,"computed":true},"type":{"type":"string","description_kind":"plain","required":true}},"description_kind":"plain"}},"vultr_firewall_group":{"version":0,"block":{"attributes":{"date_created":{"type":"string","description_kind":"plain","computed":true},"date_modified":{"type":"string","description_kind":"plain","computed":true},"description":{"type":"string","description_kind":"plain","optional":true},"id":{"type":"string","description_kind":"plain","optional":true,"computed":true},"instance_count":{"type":"number","description_kind":"plain","computed":true},"max_rule_count":{"type":"number","description_kind":"plain","computed":true},"rule_count":{"type":"number","description_kind":"plain","computed":true}},"description_kind":"plain"}},"vultr_firewall_rule":{"version":0,"block":{"attributes":{"firewall_group_id":{"type":"string","description_kind":"plain","required":true},"from_port":{"type":"number","description_kind":"plain","optional":true},"id":{"type":"string","description_kind":"plain","optional":true,"computed":true},"ip_type":{"type":"string","description_kind":"plain","computed":true},"network":{"type":"string","description_kind":"plain","required":true},"notes":{"type":"string","description_kind":"plain","optional":true},"protocol":{"type":"string","description_kind":"plain","required":true},"to_port":{"type":"number","description_kind":"plain","optional":true}},"description_kind":"plain"}},"vultr_iso_private":{"version":0,"block":{"attributes":{"date_created":{"type":"string","description_kind":"plain","computed":true},"filename":{"type":"string","description_kind":"plain","computed":true},"id":{"type":"string","description_kind":"plain","optional":true,"computed":true},"md5sum":{"type":"string","description_kind":"plain","computed":true},"sha512sum":{"type":"string","description_kind":"plain","computed":true},"size":{"type":"number","description_kind":"plain","computed":true},"status":{"type":"string","description_kind":"plain","computed":true},"url":{"type":"string","description_kind":"plain","required":true}},"description_kind":"plain"}},"vultr_load_balancer":{"version":0,"block":{"attributes":{"attached_instances":{"type":["list","number"],"description_kind":"plain","optional":true},"balancing_algorithm":{"type":"string","description_kind":"plain","optional":true,"computed":true},"cookie_name":{"type":"string","description_kind":"plain","optional":true},"has_ssl":{"type":"bool","description_kind":"plain","computed":true},"id":{"type":"string","description_kind":"plain","optional":true,"computed":true},"ipv4":{"type":"string","description_kind":"plain","computed":true},"ipv6":{"type":"string","description_kind":"plain","computed":true},"label":{"type":"string","description_kind":"plain","optional":true},"proxy_protocol":{"type":"bool","description_kind":"plain","optional":true,"computed":true},"region_id":{"type":"number","description_kind":"plain","required":true},"ssl_redirect":{"type":"bool","description_kind":"plain","optional":true,"computed":true},"status":{"type":"string","description_kind":"plain","computed":true}},"block_types":{"forwarding_rules":{"nesting_mode":"set","block":{"attributes":{"backend_port":{"type":"number","description_kind":"plain","required":true},"backend_protocol":{"type":"string","description_kind":"plain","required":true},"frontend_port":{"type":"number","description_kind":"plain","required":true},"frontend_protocol":{"type":"string","description_kind":"plain","required":true},"rule_id":{"type":"string","description_kind":"plain","computed":true}},"description_kind":"plain"},"min_items":1},"health_check":{"nesting_mode":"list","block":{"attributes":{"check_interval":{"type":"number","description_kind":"plain","required":true},"healthy_threshold":{"type":"number","description_kind":"plain","required":true},"path":{"type":"string","description_kind":"plain","optional":true},"port":{"type":"number","description_kind":"plain","required":true},"protocol":{"type":"string","description_kind":"plain","required":true},"response_timeout":{"type":"number","description_kind":"plain","required":true},"unhealthy_threshold":{"type":"number","description_kind":"plain","required":true}},"description_kind":"plain"},"max_items":1},"ssl":{"nesting_mode":"set","block":{"attributes":{"certificate":{"type":"string","description_kind":"plain","required":true},"chain":{"type":"string","description_kind":"plain","optional":true},"private_key":{"type":"string","description_kind":"plain","required":true,"sensitive":true}},"description_kind":"plain"},"max_items":1}},"description_kind":"plain"}},"vultr_network":{"version":0,"block":{"attributes":{"cidr_block":{"type":"string","description_kind":"plain","optional":true,"computed":true},"date_created":{"type":"string","description_kind":"plain","computed":true},"description":{"type":"string","description_kind":"plain","optional":true},"id":{"type":"string","description_kind":"plain","optional":true,"computed":true},"region_id":{"type":"string","description_kind":"plain","required":true}},"description_kind":"plain"}},"vultr_object_storage":{"version":0,"block":{"attributes":{"date_created":{"type":"string","description_kind":"plain","computed":true},"id":{"type":"string","description_kind":"plain","optional":true,"computed":true},"label":{"type":"string","description_kind":"plain","optional":true},"location":{"type":"string","description_kind":"plain","computed":true},"object_storage_cluster_id":{"type":"number","description_kind":"plain","required":true},"region_id":{"type":"number","description_kind":"plain","computed":true},"s3_access_key":{"type":"string","description_kind":"plain","computed":true},"s3_hostname":{"type":"string","description_kind":"plain","computed":true},"s3_secret_key":{"type":"string","description_kind":"plain","computed":true},"status":{"type":"string","description_kind":"plain","computed":true}},"description_kind":"plain"}},"vultr_reserved_ip":{"version":0,"block":{"attributes":{"attached_id":{"type":"string","description_kind":"plain","optional":true,"computed":true},"id":{"type":"string","description_kind":"plain","optional":true,"computed":true},"ip_type":{"type":"string","description_kind":"plain","required":true},"label":{"type":"string","description_kind":"plain","optional":true},"region_id":{"type":"number","description_kind":"plain","required":true},"subnet":{"type":"string","description_kind":"plain","computed":true},"subnet_size":{"type":"number","description_kind":"plain","computed":true}},"description_kind":"plain"}},"vultr_reverse_ipv4":{"version":0,"block":{"attributes":{"id":{"type":"string","description_kind":"plain","optional":true,"computed":true},"instance_id":{"type":"string","description_kind":"plain","required":true},"ip":{"type":"string","description_kind":"plain","required":true},"reverse":{"type":"string","description_kind":"plain","required":true}},"description_kind":"plain"}},"vultr_reverse_ipv6":{"version":0,"block":{"attributes":{"id":{"type":"string","description_kind":"plain","optional":true,"computed":true},"instance_id":{"type":"string","description_kind":"plain","required":true},"ip":{"type":"string","description_kind":"plain","required":true},"reverse":{"type":"string","description_kind":"plain","required":true}},"description_kind":"plain"}},"vultr_server":{"version":0,"block":{"attributes":{"allowed_bandwidth":{"type":"string","description_kind":"plain","computed":true},"app_id":{"type":"number","description_kind":"plain","optional":true,"computed":true},"auto_backup":{"type":"bool","description_kind":"plain","optional":true},"cost_per_month":{"type":"string","description_kind":"plain","computed":true},"current_bandwidth":{"type":"number","description_kind":"plain","computed":true},"date_created":{"type":"string","description_kind":"plain","computed":true},"ddos_protection":{"type":"bool","description_kind":"plain","optional":true},"default_password":{"type":"string","description_kind":"plain","computed":true,"sensitive":true},"disk":{"type":"string","description_kind":"plain","computed":true},"enable_ipv6":{"type":"bool","description_kind":"plain","optional":true,"computed":true},"enable_private_network":{"type":"bool","description_kind":"plain","optional":true,"computed":true},"firewall_group_id":{"type":"string","description_kind":"plain","optional":true,"computed":true},"gateway_v4":{"type":"string","description_kind":"plain","computed":true},"hostname":{"type":"string","description_kind":"plain","optional":true,"computed":true},"id":{"type":"string","description_kind":"plain","optional":true,"computed":true},"internal_ip":{"type":"string","description_kind":"plain","computed":true},"iso_id":{"type":"number","description_kind":"plain","optional":true},"kvm_url":{"type":"string","description_kind":"plain","computed":true},"label":{"type":"string","description_kind":"plain","optional":true,"computed":true},"location":{"type":"string","description_kind":"plain","computed":true},"main_ip":{"type":"string","description_kind":"plain","computed":true},"netmask_v4":{"type":"string","description_kind":"plain","computed":true},"network_ids":{"type":["list","string"],"description_kind":"plain","optional":true,"computed":true},"network_ips":{"type":["map","string"],"description_kind":"plain","computed":true},"network_macs":{"type":["map","string"],"description_kind":"plain","computed":true},"notify_activate":{"type":"bool","description_kind":"plain","optional":true,"computed":true},"os":{"type":"string","description_kind":"plain","computed":true},"os_id":{"type":"number","description_kind":"plain","optional":true,"computed":true},"pending_charges":{"type":"string","description_kind":"plain","computed":true},"plan_id":{"type":"number","description_kind":"plain","required":true},"power_status":{"type":"string","description_kind":"plain","computed":true},"ram":{"type":"string","description_kind":"plain","computed":true},"region_id":{"type":"number","description_kind":"plain","required":true},"reserved_ip":{"type":"string","description_kind":"plain","optional":true,"computed":true},"script_id":{"type":"string","description_kind":"plain","optional":true,"computed":true},"server_state":{"type":"string","description_kind":"plain","computed":true},"snapshot_id":{"type":"string","description_kind":"plain","optional":true,"computed":true},"ssh_key_ids":{"type":["list","string"],"description_kind":"plain","optional":true},"status":{"type":"string","description_kind":"plain","computed":true},"tag":{"type":"string","description_kind":"plain","optional":true,"computed":true},"user_data":{"type":"string","description_kind":"plain","optional":true,"computed":true},"v6_networks":{"type":["list",["map","string"]],"description_kind":"plain","computed":true},"vps_cpu_count":{"type":"string","description_kind":"plain","computed":true}},"description_kind":"plain"}},"vultr_server_ipv4":{"version":0,"block":{"attributes":{"id":{"type":"string","description_kind":"plain","optional":true,"computed":true},"instance_id":{"type":"string","description_kind":"plain","required":true},"ip":{"type":"string","description_kind":"plain","computed":true},"reboot":{"type":"bool","description_kind":"plain","optional":true},"reverse":{"type":"string","description_kind":"plain","computed":true}},"description_kind":"plain"}},"vultr_snapshot":{"version":0,"block":{"attributes":{"app_id":{"type":"string","description_kind":"plain","computed":true},"date_created":{"type":"string","description_kind":"plain","computed":true},"description":{"type":"string","description_kind":"plain","optional":true},"id":{"type":"string","description_kind":"plain","optional":true,"computed":true},"os_id":{"type":"string","description_kind":"plain","computed":true},"size":{"type":"string","description_kind":"plain","computed":true},"status":{"type":"string","description_kind":"plain","computed":true},"vps_id":{"type":"string","description_kind":"plain","required":true}},"description_kind":"plain"}},"vultr_snapshot_from_url":{"version":0,"block":{"attributes":{"app_id":{"type":"string","description_kind":"plain","computed":true},"date_created":{"type":"string","description_kind":"plain","computed":true},"description":{"type":"string","description_kind":"plain","computed":true},"id":{"type":"string","description_kind":"plain","optional":true,"computed":true},"os_id":{"type":"string","description_kind":"plain","computed":true},"size":{"type":"string","description_kind":"plain","computed":true},"status":{"type":"string","description_kind":"plain","computed":true},"url":{"type":"string","description_kind":"plain","required":true}},"description_kind":"plain"}},"vultr_ssh_key":{"version":0,"block":{"attributes":{"date_created":{"type":"string","description_kind":"plain","computed":true},"id":{"type":"string","description_kind":"plain","optional":true,"computed":true},"name":{"type":"string","description_kind":"plain","required":true},"ssh_key":{"type":"string","description_kind":"plain","required":true}},"description_kind":"plain"}},"vultr_startup_script":{"version":0,"block":{"attributes":{"date_created":{"type":"string","description_kind":"plain","computed":true},"date_modified":{"type":"string","description_kind":"plain","computed":true},"id":{"type":"string","description_kind":"plain","optional":true,"computed":true},"name":{"type":"string","description_kind":"plain","required":true},"script":{"type":"string","description_kind":"plain","required":true},"type":{"type":"string","description_kind":"plain","optional":true,"computed":true}},"description_kind":"plain"}},"vultr_user":{"version":0,"block":{"attributes":{"acl":{"type":["list","string"],"description_kind":"plain","optional":true},"api_enabled":{"type":"bool","description_kind":"plain","optional":true},"api_key":{"type":"string","description_kind":"plain","computed":true},"email":{"type":"string","description_kind":"plain","required":true},"id":{"type":"string","description_kind":"plain","optional":true,"computed":true},"name":{"type":"string","description_kind":"plain","required":true},"password":{"type":"string","description_kind":"plain","required":true,"sensitive":true}},"description_kind":"plain"}}},"data_source_schemas":{"vultr_account":{"version":0,"block":{"attributes":{"balance":{"type":"string","description_kind":"plain","computed":true},"id":{"type":"string","description_kind":"plain","optional":true,"computed":true},"last_payment_amount":{"type":"string","description_kind":"plain","computed":true},"last_payment_date":{"type":"string","description_kind":"plain","computed":true},"pending_charges":{"type":"string","description_kind":"plain","computed":true}},"description_kind":"plain"}},"vultr_api_key":{"version":0,"block":{"attributes":{"acl":{"type":["list","string"],"description_kind":"plain","computed":true},"email":{"type":"string","description_kind":"plain","computed":true},"id":{"type":"string","description_kind":"plain","optional":true,"computed":true},"name":{"type":"string","description_kind":"plain","computed":true}},"description_kind":"plain"}},"vultr_application":{"version":0,"block":{"attributes":{"deploy_name":{"type":"string","description_kind":"plain","computed":true},"id":{"type":"string","description_kind":"plain","optional":true,"computed":true},"name":{"type":"string","description_kind":"plain","computed":true},"short_name":{"type":"string","description_kind":"plain","computed":true}},"block_types":{"filter":{"nesting_mode":"set","block":{"attributes":{"name":{"type":"string","description_kind":"plain","required":true},"values":{"type":["list","string"],"description_kind":"plain","required":true}},"description_kind":"plain"}}},"description_kind":"plain"}},"vultr_backup":{"version":0,"block":{"attributes":{"backups":{"type":["list",["map","string"]],"description_kind":"plain","computed":true},"id":{"type":"string","description_kind":"plain","optional":true,"computed":true}},"block_types":{"filter":{"nesting_mode":"set","block":{"attributes":{"name":{"type":"string","description_kind":"plain","required":true},"values":{"type":["list","string"],"description_kind":"plain","required":true}},"description_kind":"plain"}}},"description_kind":"plain"}},"vultr_bare_metal_plan":{"version":0,"block":{"attributes":{"available_locations":{"type":["list","number"],"description_kind":"plain","computed":true},"bandwidth_tb":{"type":"number","description_kind":"plain","computed":true},"cpu_count":{"type":"number","description_kind":"plain","computed":true},"cpu_model":{"type":"string","description_kind":"plain","computed":true},"deprecated":{"type":"bool","description_kind":"plain","computed":true},"disk":{"type":"string","description_kind":"plain","computed":true},"id":{"type":"string","description_kind":"plain","optional":true,"computed":true},"name":{"type":"string","description_kind":"plain","computed":true},"plan_type":{"type":"string","description_kind":"plain","computed":true},"price_per_month":{"type":"number","description_kind":"plain","computed":true},"ram":{"type":"number","description_kind":"plain","computed":true}},"block_types":{"filter":{"nesting_mode":"set","block":{"attributes":{"name":{"type":"string","description_kind":"plain","required":true},"values":{"type":["list","string"],"description_kind":"plain","required":true}},"description_kind":"plain"}}},"description_kind":"plain"}},"vultr_bare_metal_server":{"version":0,"block":{"attributes":{"app_id":{"type":"string","description_kind":"plain","computed":true},"cpu_count":{"type":"number","description_kind":"plain","computed":true},"date_created":{"type":"string","description_kind":"plain","computed":true},"default_password":{"type":"string","description_kind":"plain","computed":true,"sensitive":true},"disk":{"type":"string","description_kind":"plain","computed":true},"gateway_v4":{"type":"string","description_kind":"plain","computed":true},"id":{"type":"string","description_kind":"plain","optional":true,"computed":true},"label":{"type":"string","description_kind":"plain","computed":true},"location":{"type":"string","description_kind":"plain","computed":true},"main_ip":{"type":"string","description_kind":"plain","computed":true},"netmask_v4":{"type":"string","description_kind":"plain","computed":true},"os":{"type":"string","description_kind":"plain","computed":true},"os_id":{"type":"string","description_kind":"plain","computed":true},"plan_id":{"type":"number","description_kind":"plain","computed":true},"ram":{"type":"string","description_kind":"plain","computed":true},"region_id":{"type":"number","description_kind":"plain","computed":true},"status":{"type":"string","description_kind":"plain","computed":true},"tag":{"type":"string","description_kind":"plain","computed":true},"v6_networks":{"type":["list",["map","string"]],"description_kind":"plain","computed":true}},"block_types":{"filter":{"nesting_mode":"set","block":{"attributes":{"name":{"type":"string","description_kind":"plain","required":true},"values":{"type":["list","string"],"description_kind":"plain","required":true}},"description_kind":"plain"}}},"description_kind":"plain"}},"vultr_block_storage":{"version":0,"block":{"attributes":{"attached_to_vps":{"type":"string","description_kind":"plain","computed":true},"cost_per_month":{"type":"string","description_kind":"plain","computed":true},"date_created":{"type":"string","description_kind":"plain","computed":true},"id":{"type":"string","description_kind":"plain","optional":true,"computed":true},"label":{"type":"string","description_kind":"plain","computed":true},"region_id":{"type":"number","description_kind":"plain","computed":true},"size_gb":{"type":"number","description_kind":"plain","computed":true},"status":{"type":"string","description_kind":"plain","computed":true}},"block_types":{"filter":{"nesting_mode":"set","block":{"attributes":{"name":{"type":"string","description_kind":"plain","required":true},"values":{"type":["list","string"],"description_kind":"plain","required":true}},"description_kind":"plain"}}},"description_kind":"plain"}},"vultr_dns_domain":{"version":0,"block":{"attributes":{"date_created":{"type":"string","description_kind":"plain","computed":true},"domain":{"type":"string","description_kind":"plain","required":true},"id":{"type":"string","description_kind":"plain","optional":true,"computed":true}},"description_kind":"plain"}},"vultr_firewall_group":{"version":0,"block":{"attributes":{"date_created":{"type":"string","description_kind":"plain","computed":true},"date_modified":{"type":"string","description_kind":"plain","computed":true},"description":{"type":"string","description_kind":"plain","computed":true},"id":{"type":"string","description_kind":"plain","optional":true,"computed":true},"instance_count":{"type":"number","description_kind":"plain","computed":true},"max_rule_count":{"type":"number","description_kind":"plain","computed":true},"rule_count":{"type":"number","description_kind":"plain","computed":true}},"block_types":{"filter":{"nesting_mode":"set","block":{"attributes":{"name":{"type":"string","description_kind":"plain","required":true},"values":{"type":["list","string"],"description_kind":"plain","required":true}},"description_kind":"plain"}}},"description_kind":"plain"}},"vultr_iso_private":{"version":0,"block":{"attributes":{"date_created":{"type":"string","description_kind":"plain","computed":true},"filename":{"type":"string","description_kind":"plain","computed":true},"id":{"type":"string","description_kind":"plain","optional":true,"computed":true},"md5sum":{"type":"string","description_kind":"plain","computed":true},"sha512sum":{"type":"string","description_kind":"plain","computed":true},"size":{"type":"number","description_kind":"plain","computed":true},"status":{"type":"string","description_kind":"plain","computed":true}},"block_types":{"filter":{"nesting_mode":"set","block":{"attributes":{"name":{"type":"string","description_kind":"plain","required":true},"values":{"type":["list","string"],"description_kind":"plain","required":true}},"description_kind":"plain"}}},"description_kind":"plain"}},"vultr_iso_public":{"version":0,"block":{"attributes":{"description":{"type":"string","description_kind":"plain","computed":true},"id":{"type":"string","description_kind":"plain","optional":true,"computed":true},"name":{"type":"string","description_kind":"plain","computed":true}},"block_types":{"filter":{"nesting_mode":"set","block":{"attributes":{"name":{"type":"string","description_kind":"plain","required":true},"values":{"type":["list","string"],"description_kind":"plain","required":true}},"description_kind":"plain"}}},"description_kind":"plain"}},"vultr_load_balancer":{"version":0,"block":{"attributes":{"attached_instances":{"type":["list","string"],"description_kind":"plain","computed":true},"balancing_algorithm":{"type":"string","description_kind":"plain","computed":true},"cookie_name":{"type":"string","description_kind":"plain","computed":true},"date_created":{"type":"string","description_kind":"plain","computed":true},"forwarding_rules":{"type":["list",["map","string"]],"description_kind":"plain","computed":true},"health_check":{"type":["map","string"],"description_kind":"plain","computed":true},"id":{"type":"string","description_kind":"plain","optional":true,"computed":true},"ipv4":{"type":"string","description_kind":"plain","computed":true},"ipv6":{"type":"string","description_kind":"plain","computed":true},"label":{"type":"string","description_kind":"plain","computed":true},"region_id":{"type":"number","description_kind":"plain","computed":true},"ssl":{"type":["map","string"],"description_kind":"plain","computed":true},"ssl_redirect":{"type":"bool","description_kind":"plain","computed":true},"status":{"type":"string","description_kind":"plain","computed":true}},"block_types":{"filter":{"nesting_mode":"set","block":{"attributes":{"name":{"type":"string","description_kind":"plain","required":true},"values":{"type":["list","string"],"description_kind":"plain","required":true}},"description_kind":"plain"}}},"description_kind":"plain"}},"vultr_network":{"version":0,"block":{"attributes":{"cidr_block":{"type":"string","description_kind":"plain","computed":true},"date_created":{"type":"string","description_kind":"plain","computed":true},"description":{"type":"string","description_kind":"plain","computed":true},"id":{"type":"string","description_kind":"plain","optional":true,"computed":true},"region_id":{"type":"string","description_kind":"plain","computed":true}},"block_types":{"filter":{"nesting_mode":"set","block":{"attributes":{"name":{"type":"string","description_kind":"plain","required":true},"values":{"type":["list","string"],"description_kind":"plain","required":true}},"description_kind":"plain"}}},"description_kind":"plain"}},"vultr_object_storage":{"version":0,"block":{"attributes":{"date_created":{"type":"string","description_kind":"plain","computed":true},"id":{"type":"number","description_kind":"plain","computed":true},"label":{"type":"string","description_kind":"plain","computed":true},"location":{"type":"string","description_kind":"plain","computed":true},"object_storage_cluster_id":{"type":"number","description_kind":"plain","computed":true},"region_id":{"type":"number","description_kind":"plain","computed":true},"s3_access_key":{"type":"string","description_kind":"plain","computed":true},"s3_hostname":{"type":"string","description_kind":"plain","computed":true},"s3_secret_key":{"type":"string","description_kind":"plain","computed":true},"status":{"type":"string","description_kind":"plain","computed":true}},"block_types":{"filter":{"nesting_mode":"set","block":{"attributes":{"name":{"type":"string","description_kind":"plain","required":true},"values":{"type":["list","string"],"description_kind":"plain","required":true}},"description_kind":"plain"}}},"description_kind":"plain"}},"vultr_os":{"version":0,"block":{"attributes":{"arch":{"type":"string","description_kind":"plain","computed":true},"family":{"type":"string","description_kind":"plain","computed":true},"id":{"type":"string","description_kind":"plain","optional":true,"computed":true},"name":{"type":"string","description_kind":"plain","computed":true},"windows":{"type":"bool","description_kind":"plain","computed":true}},"block_types":{"filter":{"nesting_mode":"set","block":{"attributes":{"name":{"type":"string","description_kind":"plain","required":true},"values":{"type":["list","string"],"description_kind":"plain","required":true}},"description_kind":"plain"}}},"description_kind":"plain"}},"vultr_plan":{"version":0,"block":{"attributes":{"available_locations":{"type":["list","number"],"description_kind":"plain","computed":true},"bandwidth":{"type":"string","description_kind":"plain","computed":true},"bandwidth_gb":{"type":"string","description_kind":"plain","computed":true},"deprecated":{"type":"bool","description_kind":"plain","computed":true},"disk":{"type":"string","description_kind":"plain","computed":true},"id":{"type":"string","description_kind":"plain","optional":true,"computed":true},"name":{"type":"string","description_kind":"plain","computed":true},"plan_type":{"type":"string","description_kind":"plain","computed":true},"price_per_month":{"type":"string","description_kind":"plain","computed":true},"ram":{"type":"string","description_kind":"plain","computed":true},"vcpu_count":{"type":"number","description_kind":"plain","computed":true}},"block_types":{"filter":{"nesting_mode":"set","block":{"attributes":{"name":{"type":"string","description_kind":"plain","required":true},"values":{"type":["list","string"],"description_kind":"plain","required":true}},"description_kind":"plain"}}},"description_kind":"plain"}},"vultr_region":{"version":0,"block":{"attributes":{"block_storage":{"type":"bool","description_kind":"plain","computed":true},"continent":{"type":"string","description_kind":"plain","computed":true},"country":{"type":"string","description_kind":"plain","computed":true},"ddos_protection":{"type":"bool","description_kind":"plain","computed":true},"id":{"type":"string","description_kind":"plain","optional":true,"computed":true},"name":{"type":"string","description_kind":"plain","computed":true},"regioncode":{"type":"string","description_kind":"plain","computed":true},"state":{"type":"string","description_kind":"plain","computed":true}},"block_types":{"filter":{"nesting_mode":"set","block":{"attributes":{"name":{"type":"string","description_kind":"plain","required":true},"values":{"type":["list","string"],"description_kind":"plain","required":true}},"description_kind":"plain"}}},"description_kind":"plain"}},"vultr_reserved_ip":{"version":0,"block":{"attributes":{"attached_to_vps":{"type":"string","description_kind":"plain","computed":true},"id":{"type":"string","description_kind":"plain","optional":true,"computed":true},"ip_type":{"type":"string","description_kind":"plain","computed":true},"label":{"type":"string","description_kind":"plain","computed":true},"region_id":{"type":"number","description_kind":"plain","computed":true},"subnet":{"type":"string","description_kind":"plain","computed":true},"subnet_size":{"type":"number","description_kind":"plain","computed":true}},"block_types":{"filter":{"nesting_mode":"set","block":{"attributes":{"name":{"type":"string","description_kind":"plain","required":true},"values":{"type":["list","string"],"description_kind":"plain","required":true}},"description_kind":"plain"}}},"description_kind":"plain"}},"vultr_reverse_ipv4":{"version":0,"block":{"attributes":{"id":{"type":"string","description_kind":"plain","optional":true,"computed":true},"instance_id":{"type":"string","description_kind":"plain","computed":true},"ip":{"type":"string","description_kind":"plain","computed":true},"reverse":{"type":"string","description_kind":"plain","computed":true}},"block_types":{"filter":{"nesting_mode":"set","block":{"attributes":{"name":{"type":"string","description_kind":"plain","required":true},"values":{"type":["list","string"],"description_kind":"plain","required":true}},"description_kind":"plain"}}},"description_kind":"plain"}},"vultr_reverse_ipv6":{"version":0,"block":{"attributes":{"id":{"type":"string","description_kind":"plain","optional":true,"computed":true},"instance_id":{"type":"string","description_kind":"plain","computed":true},"ip":{"type":"string","description_kind":"plain","computed":true},"reverse":{"type":"string","description_kind":"plain","computed":true}},"block_types":{"filter":{"nesting_mode":"set","block":{"attributes":{"name":{"type":"string","description_kind":"plain","required":true},"values":{"type":["list","string"],"description_kind":"plain","required":true}},"description_kind":"plain"}}},"description_kind":"plain"}},"vultr_server":{"version":0,"block":{"attributes":{"allowed_bandwidth":{"type":"string","description_kind":"plain","computed":true},"app_id":{"type":"string","description_kind":"plain","computed":true},"auto_backups":{"type":"string","description_kind":"plain","computed":true},"cost_per_month":{"type":"string","description_kind":"plain","computed":true},"current_bandwidth":{"type":"number","description_kind":"plain","computed":true},"date_created":{"type":"string","description_kind":"plain","computed":true},"default_password":{"type":"string","description_kind":"plain","computed":true,"sensitive":true},"disk":{"type":"string","description_kind":"plain","computed":true},"firewall_group_id":{"type":"string","description_kind":"plain","computed":true},"gateway_v4":{"type":"string","description_kind":"plain","computed":true},"id":{"type":"string","description_kind":"plain","optional":true,"computed":true},"internal_ip":{"type":"string","description_kind":"plain","computed":true},"kvm_url":{"type":"string","description_kind":"plain","computed":true},"label":{"type":"string","description_kind":"plain","computed":true},"location":{"type":"string","description_kind":"plain","computed":true},"main_ip":{"type":"string","description_kind":"plain","computed":true},"netmask_v4":{"type":"string","description_kind":"plain","computed":true},"os":{"type":"string","description_kind":"plain","computed":true},"os_id":{"type":"string","description_kind":"plain","computed":true},"pending_charges":{"type":"string","description_kind":"plain","computed":true},"plan_id":{"type":"string","description_kind":"plain","computed":true},"power_status":{"type":"string","description_kind":"plain","computed":true},"ram":{"type":"string","description_kind":"plain","computed":true},"region_id":{"type":"string","description_kind":"plain","computed":true},"server_state":{"type":"string","description_kind":"plain","computed":true},"status":{"type":"string","description_kind":"plain","computed":true},"tag":{"type":"string","description_kind":"plain","computed":true},"v6_networks":{"type":["list",["map","string"]],"description_kind":"plain","computed":true},"vps_cpu_count":{"type":"string","description_kind":"plain","computed":true}},"block_types":{"filter":{"nesting_mode":"set","block":{"attributes":{"name":{"type":"string","description_kind":"plain","required":true},"values":{"type":["list","string"],"description_kind":"plain","required":true}},"description_kind":"plain"}}},"description_kind":"plain"}},"vultr_server_ipv4":{"version":0,"block":{"attributes":{"id":{"type":"string","description_kind":"plain","optional":true,"computed":true},"instance_id":{"type":"string","description_kind":"plain","computed":true},"ip":{"type":"string","description_kind":"plain","computed":true},"reverse":{"type":"string","description_kind":"plain","computed":true}},"block_types":{"filter":{"nesting_mode":"set","block":{"attributes":{"name":{"type":"string","description_kind":"plain","required":true},"values":{"type":["list","string"],"description_kind":"plain","required":true}},"description_kind":"plain"}}},"description_kind":"plain"}},"vultr_snapshot":{"version":0,"block":{"attributes":{"app_id":{"type":"string","description_kind":"plain","computed":true},"date_created":{"type":"string","description_kind":"plain","computed":true},"description":{"type":"string","description_kind":"plain","computed":true},"id":{"type":"string","description_kind":"plain","optional":true,"computed":true},"os_id":{"type":"string","description_kind":"plain","computed":true},"size":{"type":"string","description_kind":"plain","computed":true},"status":{"type":"string","description_kind":"plain","computed":true}},"block_types":{"filter":{"nesting_mode":"set","block":{"attributes":{"name":{"type":"string","description_kind":"plain","required":true},"values":{"type":["list","string"],"description_kind":"plain","required":true}},"description_kind":"plain"}}},"description_kind":"plain"}},"vultr_ssh_key":{"version":0,"block":{"attributes":{"date_created":{"type":"string","description_kind":"plain","computed":true},"id":{"type":"string","description_kind":"plain","optional":true,"computed":true},"name":{"type":"string","description_kind":"plain","computed":true},"ssh_key":{"type":"string","description_kind":"plain","computed":true}},"block_types":{"filter":{"nesting_mode":"set","block":{"attributes":{"name":{"type":"string","description_kind":"plain","required":true},"values":{"type":["list","string"],"description_kind":"plain","required":true}},"description_kind":"plain"}}},"description_kind":"plain"}},"vultr_startup_script":{"version":0,"block":{"attributes":{"date_created":{"type":"string","description_kind":"plain","computed":true},"date_modified":{"type":"string","description_kind":"plain","computed":true},"id":{"type":"string","description_kind":"plain","optional":true,"computed":true},"name":{"type":"string","description_kind":"plain","computed":true},"script":{"type":"string","description_kind":"plain","computed":true},"type":{"type":"string","description_kind":"plain","computed":true}},"block_types":{"filter":{"nesting_mode":"set","block":{"attributes":{"name":{"type":"string","description_kind":"plain","required":true},"values":{"type":["list","string"],"description_kind":"plain","required":true}},"description_kind":"plain"}}},"description_kind":"plain"}},"vultr_user":{"version":0,"block":{"attributes":{"acl":{"type":["list","string"],"description_kind":"plain","computed":true},"api_enabled":{"type":"string","description_kind":"plain","computed":true},"email":{"type":"string","description_kind":"plain","computed":true},"id":{"type":"string","description_kind":"plain","optional":true,"computed":true},"name":{"type":"string","description_kind":"plain","computed":true}},"block_types":{"filter":{"nesting_mode":"set","block":{"attributes":{"name":{"type":"string","description_kind":"plain","required":true},"values":{"type":["list","string"],"description_kind":"plain","required":true}},"description_kind":"plain"}}},"description_kind":"plain"}}}}}}
