{"format_version":"0.1","provider_schemas":{"registry.terraform.io/zambien/apigee":{"provider":{"version":0,"block":{"attributes":{"access_token":{"type":"string","description":"Apigee Access Token","description_kind":"plain","optional":true},"base_uri":{"type":"string","description":"Apigee Edge Base URI","description_kind":"plain","optional":true},"org":{"type":"string","description":"Apigee Organization","description_kind":"plain","required":true},"password":{"type":"string","description":"Apigee User Password","description_kind":"plain","optional":true},"user":{"type":"string","description":"Apigee User","description_kind":"plain","optional":true}},"description_kind":"plain"}},"resource_schemas":{"apigee_api_proxy":{"version":0,"block":{"attributes":{"bundle":{"type":"string","description_kind":"plain","required":true},"bundle_sha":{"type":"string","description_kind":"plain","required":true},"id":{"type":"string","description_kind":"plain","optional":true,"computed":true},"name":{"type":"string","description_kind":"plain","required":true},"revision":{"type":"string","description_kind":"plain","computed":true},"revision_sha":{"type":"string","description_kind":"plain","computed":true}},"description_kind":"plain"}},"apigee_api_proxy_deployment":{"version":0,"block":{"attributes":{"delay":{"type":"number","description_kind":"plain","optional":true},"env":{"type":"string","description_kind":"plain","required":true},"id":{"type":"string","description_kind":"plain","optional":true,"computed":true},"org":{"type":"string","description_kind":"plain","optional":true},"override":{"type":"bool","description_kind":"plain","optional":true},"proxy_name":{"type":"string","description_kind":"plain","required":true},"revision":{"type":"string","description_kind":"plain","required":true}},"description_kind":"plain"}},"apigee_company":{"version":0,"block":{"attributes":{"apps":{"type":["list","string"],"description_kind":"plain","computed":true},"attributes":{"type":["map","string"],"description_kind":"plain","optional":true},"display_name":{"type":"string","description_kind":"plain","optional":true,"computed":true},"id":{"type":"string","description_kind":"plain","optional":true,"computed":true},"name":{"type":"string","description_kind":"plain","required":true},"status":{"type":"string","description_kind":"plain","computed":true}},"description_kind":"plain"}},"apigee_company_app":{"version":0,"block":{"attributes":{"api_products":{"type":["list","string"],"description_kind":"plain","optional":true},"app_id":{"type":"string","description_kind":"plain","computed":true},"attributes":{"type":["map","string"],"description_kind":"plain","optional":true},"callback_url":{"type":"string","description_kind":"plain","optional":true},"company_name":{"type":"string","description_kind":"plain","required":true},"credentials":{"type":["list",["object",{"consumer_key":"string","consumer_secret":"string"}]],"description_kind":"plain","computed":true},"id":{"type":"string","description_kind":"plain","optional":true,"computed":true},"name":{"type":"string","description_kind":"plain","required":true},"scopes":{"type":["list","string"],"description_kind":"plain","computed":true},"status":{"type":"string","description_kind":"plain","computed":true},"test":{"type":"string","description_kind":"plain","computed":true}},"block_types":{"ssl_info":{"nesting_mode":"list","block":{"attributes":{"ciphers":{"type":["list","string"],"description_kind":"plain","optional":true},"client_auth_enabled":{"type":"string","description_kind":"plain","required":true},"key_alias":{"type":"string","description_kind":"plain","optional":true},"key_store":{"type":"string","description_kind":"plain","optional":true},"protocols":{"type":["list","string"],"description_kind":"plain","optional":true},"ssl_enabled":{"type":"string","description_kind":"plain","required":true},"trust_store":{"type":"string","description_kind":"plain","optional":true}},"description_kind":"plain"},"max_items":1}},"description_kind":"plain"}},"apigee_developer":{"version":0,"block":{"attributes":{"apps":{"type":["list","string"],"description_kind":"plain","computed":true},"attributes":{"type":["map","string"],"description_kind":"plain","optional":true},"developer_id":{"type":"string","description_kind":"plain","computed":true},"email":{"type":"string","description_kind":"plain","required":true},"first_name":{"type":"string","description_kind":"plain","required":true},"id":{"type":"string","description_kind":"plain","optional":true,"computed":true},"last_name":{"type":"string","description_kind":"plain","required":true},"status":{"type":"string","description_kind":"plain","computed":true},"user_name":{"type":"string","description_kind":"plain","required":true}},"description_kind":"plain"}},"apigee_developer_app":{"version":0,"block":{"attributes":{"api_products":{"type":["list","string"],"description_kind":"plain","optional":true},"app_id":{"type":"string","description_kind":"plain","computed":true},"attributes":{"type":["map","string"],"description_kind":"plain","optional":true},"callback_url":{"type":"string","description_kind":"plain","optional":true},"credentials":{"type":["list",["map","string"]],"description_kind":"plain","computed":true},"developer_email":{"type":"string","description_kind":"plain","required":true},"developer_id":{"type":"string","description_kind":"plain","computed":true},"id":{"type":"string","description_kind":"plain","optional":true,"computed":true},"key_expires_in":{"type":"number","description_kind":"plain","optional":true},"name":{"type":"string","description_kind":"plain","required":true},"scopes":{"type":["list","string"],"description_kind":"plain","optional":true},"status":{"type":"string","description_kind":"plain","computed":true}},"description_kind":"plain"}},"apigee_product":{"version":0,"block":{"attributes":{"api_resources":{"type":["list","string"],"description_kind":"plain","optional":true},"approval_type":{"type":"string","description_kind":"plain","required":true},"attributes":{"type":["map","string"],"description_kind":"plain","optional":true},"description":{"type":"string","description_kind":"plain","optional":true},"display_name":{"type":"string","description_kind":"plain","optional":true,"computed":true},"environments":{"type":["list","string"],"description_kind":"plain","optional":true},"id":{"type":"string","description_kind":"plain","optional":true,"computed":true},"name":{"type":"string","description_kind":"plain","required":true},"proxies":{"type":["list","string"],"description_kind":"plain","optional":true},"quota":{"type":"string","description_kind":"plain","optional":true},"quota_interval":{"type":"string","description_kind":"plain","optional":true},"quota_time_unit":{"type":"string","description_kind":"plain","optional":true},"scopes":{"type":["list","string"],"description_kind":"plain","optional":true}},"description_kind":"plain"}},"apigee_shared_flow":{"version":0,"block":{"attributes":{"bundle":{"type":"string","description_kind":"plain","required":true},"bundle_sha":{"type":"string","description_kind":"plain","required":true},"id":{"type":"string","description_kind":"plain","optional":true,"computed":true},"name":{"type":"string","description_kind":"plain","required":true},"revision":{"type":"string","description_kind":"plain","computed":true},"revision_sha":{"type":"string","description_kind":"plain","computed":true}},"description_kind":"plain"}},"apigee_shared_flow_deployment":{"version":0,"block":{"attributes":{"delay":{"type":"number","description_kind":"plain","optional":true},"env":{"type":"string","description_kind":"plain","required":true},"id":{"type":"string","description_kind":"plain","optional":true,"computed":true},"org":{"type":"string","description_kind":"plain","required":true},"override":{"type":"bool","description_kind":"plain","optional":true},"revision":{"type":"string","description_kind":"plain","required":true},"shared_flow_name":{"type":"string","description_kind":"plain","required":true}},"description_kind":"plain"}},"apigee_target_server":{"version":0,"block":{"attributes":{"enabled":{"type":"bool","description_kind":"plain","required":true},"env":{"type":"string","description_kind":"plain","required":true},"host":{"type":"string","description_kind":"plain","required":true},"id":{"type":"string","description_kind":"plain","optional":true,"computed":true},"name":{"type":"string","description_kind":"plain","required":true},"port":{"type":"string","description_kind":"plain","required":true}},"block_types":{"ssl_info":{"nesting_mode":"list","block":{"attributes":{"ciphers":{"type":["list","string"],"description_kind":"plain","optional":true},"client_auth_enabled":{"type":"string","description_kind":"plain","required":true},"ignore_validation_errors":{"type":"bool","description_kind":"plain","required":true},"key_alias":{"type":"string","description_kind":"plain","optional":true},"key_store":{"type":"string","description_kind":"plain","optional":true},"protocols":{"type":["list","string"],"description_kind":"plain","optional":true},"ssl_enabled":{"type":"string","description_kind":"plain","required":true},"trust_store":{"type":"string","description_kind":"plain","optional":true}},"description_kind":"plain"},"max_items":1}},"description_kind":"plain"}}}}}}
