{"format_version":"0.1","provider_schemas":{"registry.terraform.io/harryemartland/appdynamics":{"provider":{"version":0,"block":{"attributes":{"controller_base_url":{"type":"string","description_kind":"plain","required":true},"secret":{"type":"string","description_kind":"plain","required":true,"sensitive":true}},"description_kind":"plain"}},"resource_schemas":{"appdynamics_action":{"version":0,"block":{"attributes":{"action_type":{"type":"string","description_kind":"plain","required":true},"application_id":{"type":"number","description_kind":"plain","required":true},"custom_template_variables":{"type":["map","string"],"description_kind":"plain","optional":true},"emails":{"type":["set","string"],"description_kind":"plain","optional":true},"http_request_template_name":{"type":"string","description_kind":"plain","optional":true},"id":{"type":"string","description_kind":"plain","optional":true,"computed":true},"name":{"type":"string","description_kind":"plain","optional":true},"phone_number":{"type":"string","description_kind":"plain","optional":true}},"description_kind":"plain"}},"appdynamics_health_rule":{"version":0,"block":{"attributes":{"affected_entity_type":{"type":"string","description_kind":"plain","required":true},"application_id":{"type":"number","description_kind":"plain","required":true},"baseline_condition":{"type":"string","description_kind":"plain","optional":true},"baseline_name":{"type":"string","description_kind":"plain","optional":true},"baseline_unit":{"type":"string","description_kind":"plain","optional":true},"business_transaction_scope":{"type":"string","description_kind":"plain","required":true},"business_transactions":{"type":["set","string"],"description_kind":"plain","optional":true},"compare_condition":{"type":"string","description_kind":"plain","optional":true},"critical_compare_value":{"type":"number","description_kind":"plain","required":true},"eval_detail_type":{"type":"string","description_kind":"plain","required":true},"evaluate_to_true_on_no_data":{"type":"bool","description_kind":"plain","optional":true},"evaluation_minutes":{"type":"number","description_kind":"plain","optional":true},"id":{"type":"string","description_kind":"plain","optional":true,"computed":true},"metric_aggregation_function":{"type":"string","description_kind":"plain","required":true},"metric_eval_detail_type":{"type":"string","description_kind":"plain","required":true},"metric_path":{"type":"string","description_kind":"plain","required":true},"name":{"type":"string","description_kind":"plain","required":true},"specific_tiers":{"type":["set","string"],"description_kind":"plain","optional":true},"violation_length_minutes":{"type":"number","description_kind":"plain","optional":true},"warn_compare_value":{"type":"number","description_kind":"plain","required":true}},"description_kind":"plain"}},"appdynamics_policy":{"version":0,"block":{"attributes":{"action_name":{"type":"string","description_kind":"plain","required":true},"action_type":{"type":"string","description_kind":"plain","required":true},"application_id":{"type":"number","description_kind":"plain","required":true},"enabled":{"type":"bool","description_kind":"plain","optional":true},"execute_actions_in_batch":{"type":"bool","description_kind":"plain","optional":true},"health_rule_event_types":{"type":["set","string"],"description_kind":"plain","required":true},"health_rule_scope_type":{"type":"string","description_kind":"plain","required":true},"health_rules":{"type":["set","string"],"description_kind":"plain","optional":true},"id":{"type":"string","description_kind":"plain","optional":true,"computed":true},"name":{"type":"string","description_kind":"plain","required":true},"other_events":{"type":["set","string"],"description_kind":"plain","optional":true}},"description_kind":"plain"}},"appdynamics_transaction_detection_rule":{"version":0,"block":{"attributes":{"account_id":{"type":"string","description_kind":"plain","required":true},"agent_type":{"type":"string","description_kind":"plain","required":true},"application_id":{"type":"number","description_kind":"plain","required":true},"description":{"type":"string","description_kind":"plain","required":true},"enabled":{"type":"bool","description_kind":"plain","optional":true},"entry_point_type":{"type":"string","description_kind":"plain","required":true},"http_method":{"type":"string","description_kind":"plain","required":true},"http_uri_match_type":{"type":"string","description_kind":"plain","required":true},"http_uris":{"type":["set","string"],"description_kind":"plain","required":true},"id":{"type":"string","description_kind":"plain","optional":true,"computed":true},"name":{"type":"string","description_kind":"plain","required":true},"priority":{"type":"number","description_kind":"plain","optional":true},"scope_id":{"type":"string","description_kind":"plain","required":true}},"description_kind":"plain"}}}}}}
