{"format_version":"0.1","provider_schemas":{"registry.terraform.io/camptocamp/puppetdb":{"provider":{"version":0,"block":{"attributes":{"ca":{"type":"string","description":"The SSL CA certificate to connect to the PuppetDB","description_kind":"plain","optional":true},"cert":{"type":"string","description":"The SSL certificate to connect to the PuppetDB","description_kind":"plain","optional":true},"key":{"type":"string","description":"The SSL private key to connect to the PuppetDB","description_kind":"plain","optional":true},"url":{"type":"string","description":"The URL to the PuppetDB","description_kind":"plain","optional":true}},"description_kind":"plain"}},"resource_schemas":{"puppetdb_node":{"version":0,"block":{"attributes":{"cached_catalog_status":{"type":"string","description_kind":"plain","computed":true},"catalog_environment":{"type":"string","description_kind":"plain","computed":true},"catalog_timestamp":{"type":"string","description_kind":"plain","computed":true},"certname":{"type":"string","description_kind":"plain","required":true},"deactivated":{"type":"string","description_kind":"plain","computed":true},"expired":{"type":"string","description_kind":"plain","computed":true},"facts_environment":{"type":"string","description_kind":"plain","computed":true},"facts_timestamp":{"type":"string","description_kind":"plain","computed":true},"id":{"type":"string","description_kind":"plain","optional":true,"computed":true},"latest_report_corrective_change":{"type":"string","description_kind":"plain","computed":true},"latest_report_hash":{"type":"string","description_kind":"plain","computed":true},"latest_report_noop":{"type":"string","description_kind":"plain","computed":true},"latest_report_noop_pending":{"type":"string","description_kind":"plain","computed":true},"latest_report_status":{"type":"string","description_kind":"plain","computed":true},"report_environment":{"type":"string","description_kind":"plain","computed":true},"report_timestamp":{"type":"string","description_kind":"plain","computed":true}},"description_kind":"plain"}}}}}}
