{"format_version":"0.1","provider_schemas":{"registry.terraform.io/aequasi/discord":{"provider":{"version":0,"block":{"attributes":{"client_id":{"type":"string","description_kind":"plain","optional":true},"secret":{"type":"string","description_kind":"plain","optional":true},"token":{"type":"string","description_kind":"plain","required":true}},"description_kind":"plain"}},"resource_schemas":{"discord_category_channel":{"version":0,"block":{"attributes":{"id":{"type":"string","description_kind":"plain","optional":true,"computed":true},"name":{"type":"string","description_kind":"plain","required":true},"position":{"type":"number","description_kind":"plain","optional":true},"server_id":{"type":"string","description_kind":"plain","required":true},"type":{"type":"string","description_kind":"plain","optional":true}},"description_kind":"plain"}},"discord_channel_permission":{"version":0,"block":{"attributes":{"allow":{"type":"number","description_kind":"plain","optional":true},"channel_id":{"type":"string","description_kind":"plain","required":true},"deny":{"type":"number","description_kind":"plain","optional":true},"id":{"type":"string","description_kind":"plain","optional":true,"computed":true},"overwrite_id":{"type":"string","description_kind":"plain","required":true},"type":{"type":"string","description_kind":"plain","required":true}},"description_kind":"plain"}},"discord_invite":{"version":0,"block":{"attributes":{"channel_id":{"type":"string","description_kind":"plain","required":true},"code":{"type":"bool","description_kind":"plain","computed":true},"id":{"type":"string","description_kind":"plain","optional":true,"computed":true},"max_age":{"type":"number","description_kind":"plain","optional":true},"max_uses":{"type":"number","description_kind":"plain","optional":true},"temporary":{"type":"bool","description_kind":"plain","optional":true},"unique":{"type":"bool","description_kind":"plain","optional":true}},"description_kind":"plain"}},"discord_member_roles":{"version":0,"block":{"attributes":{"id":{"type":"string","description_kind":"plain","optional":true,"computed":true},"server_id":{"type":"string","description_kind":"plain","required":true},"user_id":{"type":"string","description_kind":"plain","required":true}},"block_types":{"role":{"nesting_mode":"set","block":{"attributes":{"has_role":{"type":"bool","description_kind":"plain","optional":true},"role_id":{"type":"string","description_kind":"plain","required":true}},"description_kind":"plain"},"min_items":1}},"description_kind":"plain"}},"discord_message":{"version":0,"block":{"attributes":{"author":{"type":"string","description_kind":"plain","computed":true},"channel_id":{"type":"string","description_kind":"plain","required":true},"content":{"type":"string","description_kind":"plain","optional":true},"edited_timestamp":{"type":"string","description_kind":"plain","optional":true,"computed":true},"id":{"type":"string","description_kind":"plain","optional":true,"computed":true},"pinned":{"type":"bool","description_kind":"plain","optional":true},"server_id":{"type":"string","description_kind":"plain","computed":true},"timestamp":{"type":"string","description_kind":"plain","computed":true},"tts":{"type":"bool","description_kind":"plain","optional":true},"type":{"type":"number","description_kind":"plain","computed":true}},"block_types":{"embed":{"nesting_mode":"list","block":{"attributes":{"color":{"type":"number","description_kind":"plain","optional":true},"description":{"type":"string","description_kind":"plain","optional":true},"timestamp":{"type":"string","description_kind":"plain","optional":true},"title":{"type":"string","description_kind":"plain","optional":true},"url":{"type":"string","description_kind":"plain","optional":true}},"block_types":{"author":{"nesting_mode":"list","block":{"attributes":{"icon_url":{"type":"string","description_kind":"plain","optional":true},"name":{"type":"string","description_kind":"plain","optional":true},"proxy_icon_url":{"type":"string","description_kind":"plain","computed":true},"url":{"type":"string","description_kind":"plain","optional":true}},"description_kind":"plain"},"max_items":1},"fields":{"nesting_mode":"list","block":{"attributes":{"inline":{"type":"bool","description_kind":"plain","optional":true},"name":{"type":"string","description_kind":"plain","required":true},"value":{"type":"string","description_kind":"plain","optional":true}},"description_kind":"plain"}},"footer":{"nesting_mode":"list","block":{"attributes":{"icon_url":{"type":"string","description_kind":"plain","optional":true},"text":{"type":"string","description_kind":"plain","required":true}},"description_kind":"plain"},"max_items":1},"image":{"nesting_mode":"list","block":{"attributes":{"height":{"type":"number","description_kind":"plain","optional":true},"proxy_url":{"type":"string","description_kind":"plain","computed":true},"url":{"type":"string","description_kind":"plain","required":true},"width":{"type":"number","description_kind":"plain","optional":true}},"description_kind":"plain"},"max_items":1},"provider":{"nesting_mode":"list","block":{"attributes":{"name":{"type":"string","description_kind":"plain","optional":true},"url":{"type":"string","description_kind":"plain","optional":true}},"description_kind":"plain"},"max_items":1},"thumbnail":{"nesting_mode":"list","block":{"attributes":{"height":{"type":"number","description_kind":"plain","optional":true},"proxy_url":{"type":"string","description_kind":"plain","computed":true},"url":{"type":"string","description_kind":"plain","required":true},"width":{"type":"number","description_kind":"plain","optional":true}},"description_kind":"plain"},"max_items":1},"video":{"nesting_mode":"list","block":{"attributes":{"height":{"type":"number","description_kind":"plain","optional":true},"url":{"type":"string","description_kind":"plain","required":true},"width":{"type":"number","description_kind":"plain","optional":true}},"description_kind":"plain"},"max_items":1}},"description_kind":"plain"},"max_items":1}},"description_kind":"plain"}},"discord_role":{"version":0,"block":{"attributes":{"color":{"type":"number","description_kind":"plain","optional":true},"hoist":{"type":"bool","description_kind":"plain","optional":true},"id":{"type":"string","description_kind":"plain","optional":true,"computed":true},"managed":{"type":"bool","description_kind":"plain","computed":true},"mentionable":{"type":"bool","description_kind":"plain","optional":true},"name":{"type":"string","description_kind":"plain","required":true},"permissions":{"type":"number","description_kind":"plain","optional":true},"position":{"type":"number","description_kind":"plain","optional":true},"server_id":{"type":"string","description_kind":"plain","required":true}},"description_kind":"plain"}},"discord_role_everyone":{"version":0,"block":{"attributes":{"id":{"type":"string","description_kind":"plain","optional":true,"computed":true},"permissions":{"type":"number","description_kind":"plain","optional":true},"server_id":{"type":"string","description_kind":"plain","required":true}},"description_kind":"plain"}},"discord_server":{"version":0,"block":{"attributes":{"afk_channel_id":{"type":"string","description_kind":"plain","optional":true},"afk_timeout":{"type":"number","description_kind":"plain","optional":true},"default_message_notifications":{"type":"number","description_kind":"plain","optional":true},"explicit_content_filter":{"type":"number","description_kind":"plain","optional":true},"icon_data_uri":{"type":"string","description_kind":"plain","optional":true},"icon_hash":{"type":"string","description_kind":"plain","computed":true},"icon_url":{"type":"string","description_kind":"plain","optional":true},"id":{"type":"string","description_kind":"plain","optional":true,"computed":true},"name":{"type":"string","description_kind":"plain","required":true},"owner_id":{"type":"string","description_kind":"plain","optional":true},"region":{"type":"string","description_kind":"plain","optional":true},"server_id":{"type":"string","description_kind":"plain","computed":true},"splash_data_uri":{"type":"string","description_kind":"plain","optional":true},"splash_hash":{"type":"string","description_kind":"plain","computed":true},"splash_url":{"type":"string","description_kind":"plain","optional":true},"system_channel_id":{"type":"string","description_kind":"plain","optional":true},"verification_level":{"type":"number","description_kind":"plain","optional":true}},"description_kind":"plain"}},"discord_text_channel":{"version":0,"block":{"attributes":{"category":{"type":"string","description_kind":"plain","optional":true},"id":{"type":"string","description_kind":"plain","optional":true,"computed":true},"name":{"type":"string","description_kind":"plain","required":true},"nsfw":{"type":"bool","description_kind":"plain","optional":true},"position":{"type":"number","description_kind":"plain","optional":true},"server_id":{"type":"string","description_kind":"plain","required":true},"sync_perms_with_category":{"type":"bool","description_kind":"plain","optional":true},"topic":{"type":"string","description_kind":"plain","optional":true},"type":{"type":"string","description_kind":"plain","optional":true}},"description_kind":"plain"}},"discord_voice_channel":{"version":0,"block":{"attributes":{"bitrate":{"type":"number","description_kind":"plain","optional":true},"category":{"type":"string","description_kind":"plain","optional":true},"id":{"type":"string","description_kind":"plain","optional":true,"computed":true},"name":{"type":"string","description_kind":"plain","required":true},"position":{"type":"number","description_kind":"plain","optional":true},"server_id":{"type":"string","description_kind":"plain","required":true},"sync_perms_with_category":{"type":"bool","description_kind":"plain","optional":true},"type":{"type":"string","description_kind":"plain","optional":true},"user_limit":{"type":"number","description_kind":"plain","optional":true}},"description_kind":"plain"}}},"data_source_schemas":{"discord_color":{"version":0,"block":{"attributes":{"dec":{"type":"number","description_kind":"plain","computed":true},"hex":{"type":"string","description_kind":"plain","optional":true},"id":{"type":"string","description_kind":"plain","optional":true,"computed":true},"rgb":{"type":"string","description_kind":"plain","optional":true}},"description_kind":"plain"}},"discord_local_image":{"version":0,"block":{"attributes":{"data_uri":{"type":"string","description_kind":"plain","computed":true},"file":{"type":"string","description_kind":"plain","required":true},"id":{"type":"string","description_kind":"plain","optional":true,"computed":true}},"description_kind":"plain"}},"discord_member":{"version":0,"block":{"attributes":{"avatar":{"type":"string","description_kind":"plain","computed":true},"discriminator":{"type":"string","description_kind":"plain","optional":true},"id":{"type":"string","description_kind":"plain","optional":true,"computed":true},"in_server":{"type":"bool","description_kind":"plain","computed":true},"joined_at":{"type":"string","description_kind":"plain","computed":true},"nick":{"type":"string","description_kind":"plain","computed":true},"premium_since":{"type":"string","description_kind":"plain","computed":true},"roles":{"type":["set","string"],"description_kind":"plain","computed":true},"server_id":{"type":"string","description_kind":"plain","required":true},"user_id":{"type":"string","description_kind":"plain","optional":true},"username":{"type":"string","description_kind":"plain","optional":true}},"description_kind":"plain"}},"discord_permission":{"version":0,"block":{"attributes":{"add_reactions":{"type":"string","description_kind":"plain","optional":true},"administrator":{"type":"string","description_kind":"plain","optional":true},"allow_bits":{"type":"number","description_kind":"plain","computed":true},"allow_extends":{"type":"number","description_kind":"plain","optional":true},"attach_files":{"type":"string","description_kind":"plain","optional":true},"ban_members":{"type":"string","description_kind":"plain","optional":true},"change_nickname":{"type":"string","description_kind":"plain","optional":true},"connect":{"type":"string","description_kind":"plain","optional":true},"create_instant_invite":{"type":"string","description_kind":"plain","optional":true},"deafen_members":{"type":"string","description_kind":"plain","optional":true},"deny_bits":{"type":"number","description_kind":"plain","computed":true},"deny_extends":{"type":"number","description_kind":"plain","optional":true},"embed_links":{"type":"string","description_kind":"plain","optional":true},"id":{"type":"string","description_kind":"plain","optional":true,"computed":true},"kick_members":{"type":"string","description_kind":"plain","optional":true},"manage_channels":{"type":"string","description_kind":"plain","optional":true},"manage_emojis":{"type":"string","description_kind":"plain","optional":true},"manage_guild":{"type":"string","description_kind":"plain","optional":true},"manage_messages":{"type":"string","description_kind":"plain","optional":true},"manage_nicknames":{"type":"string","description_kind":"plain","optional":true},"manage_roles":{"type":"string","description_kind":"plain","optional":true},"manage_webhooks":{"type":"string","description_kind":"plain","optional":true},"mention_everyone":{"type":"string","description_kind":"plain","optional":true},"move_members":{"type":"string","description_kind":"plain","optional":true},"mute_members":{"type":"string","description_kind":"plain","optional":true},"priority_speaker":{"type":"string","description_kind":"plain","optional":true},"read_message_history":{"type":"string","description_kind":"plain","optional":true},"send_messages":{"type":"string","description_kind":"plain","optional":true},"send_tts_messages":{"type":"string","description_kind":"plain","optional":true},"speak":{"type":"string","description_kind":"plain","optional":true},"stream":{"type":"string","description_kind":"plain","optional":true},"use_external_emojis":{"type":"string","description_kind":"plain","optional":true},"use_vad":{"type":"string","description_kind":"plain","optional":true},"view_audit_log":{"type":"string","description_kind":"plain","optional":true},"view_channel":{"type":"string","description_kind":"plain","optional":true},"view_guild_insights":{"type":"string","description_kind":"plain","optional":true}},"description_kind":"plain"}},"discord_role":{"version":0,"block":{"attributes":{"color":{"type":"number","description_kind":"plain","computed":true},"hoist":{"type":"bool","description_kind":"plain","computed":true},"id":{"type":"string","description_kind":"plain","optional":true,"computed":true},"managed":{"type":"bool","description_kind":"plain","computed":true},"mentionable":{"type":"bool","description_kind":"plain","computed":true},"name":{"type":"string","description_kind":"plain","optional":true},"permissions":{"type":"number","description_kind":"plain","computed":true},"position":{"type":"string","description_kind":"plain","computed":true},"role_id":{"type":"string","description_kind":"plain","optional":true},"server_id":{"type":"string","description_kind":"plain","required":true}},"description_kind":"plain"}},"discord_server":{"version":0,"block":{"attributes":{"afk_channel_id":{"type":"number","description_kind":"plain","computed":true},"afk_timeout":{"type":"number","description_kind":"plain","computed":true},"default_message_notifications":{"type":"number","description_kind":"plain","computed":true},"explicit_content_filter":{"type":"number","description_kind":"plain","computed":true},"icon_hash":{"type":"string","description_kind":"plain","computed":true},"id":{"type":"string","description_kind":"plain","optional":true,"computed":true},"name":{"type":"string","description_kind":"plain","optional":true},"owner_id":{"type":"number","description_kind":"plain","computed":true},"region":{"type":"string","description_kind":"plain","computed":true},"server_id":{"type":"string","description_kind":"plain","optional":true},"splash_hash":{"type":"string","description_kind":"plain","computed":true},"system_channel_id":{"type":"number","description_kind":"plain","computed":true},"verification_level":{"type":"number","description_kind":"plain","computed":true}},"description_kind":"plain"}}}}}}
