{"format_version":"0.1","provider_schemas":{"registry.terraform.io/phzietsman/awsx":{"provider":{"version":0,"block":{"attributes":{"access_key":{"type":"string","description":"The access key for API operations. You can retrieve this\nfrom the 'Security \u0026 Credentials' section of the AWS console.","description_kind":"plain","optional":true},"allowed_account_ids":{"type":["set","string"],"description_kind":"plain","optional":true},"forbidden_account_ids":{"type":["set","string"],"description_kind":"plain","optional":true},"insecure":{"type":"bool","description":"Explicitly allow the provider to perform \"insecure\" SSL requests. If omitted,default value is `false`","description_kind":"plain","optional":true},"max_retries":{"type":"number","description":"The maximum number of times an AWS API request is\nbeing executed. If the API request still fails, an error is\nthrown.","description_kind":"plain","optional":true},"profile":{"type":"string","description":"The profile for API operations. If not set, the default profile\ncreated with `aws configure` will be used.","description_kind":"plain","optional":true},"region":{"type":"string","description":"The region where AWS operations will take place. Examples\nare us-east-1, us-west-2, etc.","description_kind":"plain","required":true},"s3_force_path_style":{"type":"bool","description":"Set this to true to force the request to use path-style addressing,\ni.e., http://s3.amazonaws.com/BUCKET/KEY. By default, the S3 client will\nuse virtual hosted bucket addressing when possible\n(http://BUCKET.s3.amazonaws.com/KEY). Specific to the Amazon S3 service.","description_kind":"plain","optional":true},"secret_key":{"type":"string","description":"The secret key for API operations. You can retrieve this\nfrom the 'Security \u0026 Credentials' section of the AWS console.","description_kind":"plain","optional":true},"shared_credentials_file":{"type":"string","description":"The path to the shared credentials file. If not set\nthis defaults to ~/.aws/credentials.","description_kind":"plain","optional":true},"skip_credentials_validation":{"type":"bool","description":"Skip the credentials validation via STS API. Used for AWS API implementations that do not have STS available/implemented.","description_kind":"plain","optional":true},"skip_get_ec2_platforms":{"type":"bool","description":"Skip getting the supported EC2 platforms. Used by users that don't have ec2:DescribeAccountAttributes permissions.","description_kind":"plain","optional":true},"skip_metadata_api_check":{"type":"bool","description_kind":"plain","optional":true},"skip_region_validation":{"type":"bool","description":"Skip static validation of region name. Used by users of alternative AWS-like APIs or users w/ access to regions that are not public (yet).","description_kind":"plain","optional":true},"skip_requesting_account_id":{"type":"bool","description":"Skip requesting the account ID. Used for AWS API implementations that do not have IAM/STS API and/or metadata API.","description_kind":"plain","optional":true},"token":{"type":"string","description":"session token. A session token is only required if you are\nusing temporary security credentials.","description_kind":"plain","optional":true}},"block_types":{"assume_role":{"nesting_mode":"set","block":{"attributes":{"external_id":{"type":"string","description":"The external ID to use when assuming the role. If omitted, no external ID is passed to the AssumeRole call.","description_kind":"plain","optional":true},"policy":{"type":"string","description":"The permissions applied when assuming a role. You cannot use, this policy to grant further permissions that are in excess to those of the,  role that is being assumed.","description_kind":"plain","optional":true},"role_arn":{"type":"string","description":"The ARN of an IAM role to assume prior to making API calls.","description_kind":"plain","optional":true},"session_name":{"type":"string","description":"The session name to use when assuming the role. If omitted, no session name is passed to the AssumeRole call.","description_kind":"plain","optional":true}},"description_kind":"plain"},"max_items":1},"endpoints":{"nesting_mode":"set","block":{"attributes":{"servicecatalog":{"type":"string","description":"Use this to override the default service endpoint URL","description_kind":"plain","optional":true}},"description_kind":"plain"}},"ignore_tags":{"nesting_mode":"list","block":{"attributes":{"key_prefixes":{"type":["set","string"],"description":"Resource tag key prefixes to ignore across all resources.","description_kind":"plain","optional":true},"keys":{"type":["set","string"],"description":"Resource tag keys to ignore across all resources.","description_kind":"plain","optional":true}},"description_kind":"plain"},"max_items":1}},"description_kind":"plain"}},"resource_schemas":{"controltower_account_vending":{"version":0,"block":{"attributes":{"account_id":{"type":"string","description_kind":"plain","computed":true},"arn":{"type":"string","description_kind":"plain","computed":true},"artefact_id":{"type":"string","description_kind":"plain","required":true},"created_time":{"type":"string","description_kind":"plain","computed":true},"id":{"type":"string","description_kind":"plain","optional":true,"computed":true},"name":{"type":"string","description_kind":"plain","required":true},"parameters":{"type":["map","string"],"description_kind":"plain","required":true},"product_id":{"type":"string","description_kind":"plain","required":true},"record_id":{"type":"string","description_kind":"plain","computed":true}},"block_types":{"timeouts":{"nesting_mode":"single","block":{"attributes":{"create":{"type":"string","description_kind":"plain","optional":true},"delete":{"type":"string","description_kind":"plain","optional":true},"update":{"type":"string","description_kind":"plain","optional":true}},"description_kind":"plain"}}},"description_kind":"plain"}}}}}}
