{"format_version":"0.1","provider_schemas":{"registry.terraform.io/datadog/datadog":{"provider":{"version":0,"block":{"attributes":{"api_key":{"type":"string","description_kind":"plain","optional":true},"api_url":{"type":"string","description_kind":"plain","optional":true},"app_key":{"type":"string","description_kind":"plain","optional":true},"validate":{"type":"bool","description_kind":"plain","optional":true}},"description_kind":"plain"}},"resource_schemas":{"datadog_dashboard":{"version":0,"block":{"attributes":{"dashboard_lists":{"type":["set","number"],"description":"The list of dashboard lists this dashboard belongs to.","description_kind":"plain","optional":true},"dashboard_lists_removed":{"type":["set","number"],"description":"The list of dashboard lists this dashboard should be removed from. Internal only.","description_kind":"plain","computed":true},"description":{"type":"string","description":"The description of the dashboard.","description_kind":"plain","optional":true},"id":{"type":"string","description_kind":"plain","optional":true,"computed":true},"is_read_only":{"type":"bool","description":"Whether this dashboard is read-only.","description_kind":"plain","optional":true},"layout_type":{"type":"string","description":"The layout type of the dashboard, either 'free' or 'ordered'.","description_kind":"plain","required":true},"notify_list":{"type":["list","string"],"description":"The list of handles of users to notify when changes are made to this dashboard.","description_kind":"plain","optional":true},"title":{"type":"string","description":"The title of the dashboard.","description_kind":"plain","required":true},"url":{"type":"string","description":"The URL of the dashboard.","description_kind":"plain","optional":true,"computed":true}},"block_types":{"template_variable":{"nesting_mode":"list","block":{"attributes":{"default":{"type":"string","description":"The default value for the template variable on dashboard load.","description_kind":"plain","optional":true},"name":{"type":"string","description":"The name of the variable.","description_kind":"plain","required":true},"prefix":{"type":"string","description":"The tag prefix associated with the variable. Only tags with this prefix will appear in the variable dropdown.","description_kind":"plain","optional":true}},"description":"The list of template variables for this dashboard.","description_kind":"plain"}},"template_variable_preset":{"nesting_mode":"list","block":{"attributes":{"name":{"type":"string","description":"The name of the preset.","description_kind":"plain","required":true}},"block_types":{"template_variable":{"nesting_mode":"list","block":{"attributes":{"name":{"type":"string","description":"The name of the template variable","description_kind":"plain","required":true},"value":{"type":"string","description":"The value that should be assumed by the template variable in this preset","description_kind":"plain","required":true}},"description":"The template variable names and assumed values under the given preset","description_kind":"plain"},"min_items":1}},"description":"The list of selectable template variable presets for this dashboard.","description_kind":"plain"}},"widget":{"nesting_mode":"list","block":{"attributes":{"layout":{"type":["map","string"],"description":"The layout of the widget on a 'free' dashboard","description_kind":"plain","optional":true}},"block_types":{"alert_graph_definition":{"nesting_mode":"list","block":{"attributes":{"alert_id":{"type":"string","description_kind":"plain","required":true},"time":{"type":["map","string"],"description_kind":"plain","optional":true},"title":{"type":"string","description_kind":"plain","optional":true},"title_align":{"type":"string","description_kind":"plain","optional":true},"title_size":{"type":"string","description_kind":"plain","optional":true},"viz_type":{"type":"string","description_kind":"plain","required":true}},"description":"The definition for a Alert Graph widget","description_kind":"plain"},"max_items":1},"alert_value_definition":{"nesting_mode":"list","block":{"attributes":{"alert_id":{"type":"string","description_kind":"plain","required":true},"precision":{"type":"number","description_kind":"plain","optional":true},"text_align":{"type":"string","description_kind":"plain","optional":true},"title":{"type":"string","description_kind":"plain","optional":true},"title_align":{"type":"string","description_kind":"plain","optional":true},"title_size":{"type":"string","description_kind":"plain","optional":true},"unit":{"type":"string","description_kind":"plain","optional":true}},"description":"The definition for a Alert Value widget","description_kind":"plain"},"max_items":1},"change_definition":{"nesting_mode":"list","block":{"attributes":{"time":{"type":["map","string"],"description_kind":"plain","optional":true},"title":{"type":"string","description_kind":"plain","optional":true},"title_align":{"type":"string","description_kind":"plain","optional":true},"title_size":{"type":"string","description_kind":"plain","optional":true}},"block_types":{"request":{"nesting_mode":"list","block":{"attributes":{"change_type":{"type":"string","description_kind":"plain","optional":true},"compare_to":{"type":"string","description_kind":"plain","optional":true},"increase_good":{"type":"bool","description_kind":"plain","optional":true},"order_by":{"type":"string","description_kind":"plain","optional":true},"order_dir":{"type":"string","description_kind":"plain","optional":true},"q":{"type":"string","description_kind":"plain","optional":true},"show_present":{"type":"bool","description_kind":"plain","optional":true}},"block_types":{"apm_query":{"nesting_mode":"list","block":{"attributes":{"compute":{"type":["map","string"],"description_kind":"plain","optional":true},"index":{"type":"string","description_kind":"plain","required":true},"search":{"type":["map","string"],"description_kind":"plain","optional":true}},"block_types":{"group_by":{"nesting_mode":"list","block":{"attributes":{"facet":{"type":"string","description_kind":"plain","optional":true},"limit":{"type":"number","description_kind":"plain","optional":true},"sort":{"type":["map","string"],"description_kind":"plain","optional":true}},"description_kind":"plain"}},"multi_compute":{"nesting_mode":"list","block":{"attributes":{"aggregation":{"type":"string","description_kind":"plain","required":true},"facet":{"type":"string","description_kind":"plain","optional":true},"interval":{"type":"number","description_kind":"plain","optional":true}},"description_kind":"plain"}}},"description_kind":"plain"},"max_items":1},"log_query":{"nesting_mode":"list","block":{"attributes":{"compute":{"type":["map","string"],"description_kind":"plain","optional":true},"index":{"type":"string","description_kind":"plain","required":true},"search":{"type":["map","string"],"description_kind":"plain","optional":true}},"block_types":{"group_by":{"nesting_mode":"list","block":{"attributes":{"facet":{"type":"string","description_kind":"plain","optional":true},"limit":{"type":"number","description_kind":"plain","optional":true},"sort":{"type":["map","string"],"description_kind":"plain","optional":true}},"description_kind":"plain"}},"multi_compute":{"nesting_mode":"list","block":{"attributes":{"aggregation":{"type":"string","description_kind":"plain","required":true},"facet":{"type":"string","description_kind":"plain","optional":true},"interval":{"type":"number","description_kind":"plain","optional":true}},"description_kind":"plain"}}},"description_kind":"plain"},"max_items":1},"process_query":{"nesting_mode":"list","block":{"attributes":{"filter_by":{"type":["list","string"],"description_kind":"plain","optional":true},"limit":{"type":"number","description_kind":"plain","optional":true},"metric":{"type":"string","description_kind":"plain","required":true},"search_by":{"type":"string","description_kind":"plain","optional":true}},"description_kind":"plain"},"max_items":1},"rum_query":{"nesting_mode":"list","block":{"attributes":{"compute":{"type":["map","string"],"description_kind":"plain","optional":true},"index":{"type":"string","description_kind":"plain","required":true},"search":{"type":["map","string"],"description_kind":"plain","optional":true}},"block_types":{"group_by":{"nesting_mode":"list","block":{"attributes":{"facet":{"type":"string","description_kind":"plain","optional":true},"limit":{"type":"number","description_kind":"plain","optional":true},"sort":{"type":["map","string"],"description_kind":"plain","optional":true}},"description_kind":"plain"}},"multi_compute":{"nesting_mode":"list","block":{"attributes":{"aggregation":{"type":"string","description_kind":"plain","required":true},"facet":{"type":"string","description_kind":"plain","optional":true},"interval":{"type":"number","description_kind":"plain","optional":true}},"description_kind":"plain"}}},"description_kind":"plain"},"max_items":1},"security_query":{"nesting_mode":"list","block":{"attributes":{"compute":{"type":["map","string"],"description_kind":"plain","optional":true},"index":{"type":"string","description_kind":"plain","required":true},"search":{"type":["map","string"],"description_kind":"plain","optional":true}},"block_types":{"group_by":{"nesting_mode":"list","block":{"attributes":{"facet":{"type":"string","description_kind":"plain","optional":true},"limit":{"type":"number","description_kind":"plain","optional":true},"sort":{"type":["map","string"],"description_kind":"plain","optional":true}},"description_kind":"plain"}},"multi_compute":{"nesting_mode":"list","block":{"attributes":{"aggregation":{"type":"string","description_kind":"plain","required":true},"facet":{"type":"string","description_kind":"plain","optional":true},"interval":{"type":"number","description_kind":"plain","optional":true}},"description_kind":"plain"}}},"description_kind":"plain"},"max_items":1}},"description_kind":"plain"}}},"description":"The definition for a Change  widget","description_kind":"plain"},"max_items":1},"check_status_definition":{"nesting_mode":"list","block":{"attributes":{"check":{"type":"string","description_kind":"plain","required":true},"group":{"type":"string","description_kind":"plain","optional":true},"group_by":{"type":["list","string"],"description_kind":"plain","optional":true},"grouping":{"type":"string","description_kind":"plain","required":true},"tags":{"type":["list","string"],"description_kind":"plain","optional":true},"time":{"type":["map","string"],"description_kind":"plain","optional":true},"title":{"type":"string","description_kind":"plain","optional":true},"title_align":{"type":"string","description_kind":"plain","optional":true},"title_size":{"type":"string","description_kind":"plain","optional":true}},"description":"The definition for a Check Status widget","description_kind":"plain"},"max_items":1},"distribution_definition":{"nesting_mode":"list","block":{"attributes":{"legend_size":{"type":"string","description_kind":"plain","optional":true},"show_legend":{"type":"bool","description_kind":"plain","optional":true},"time":{"type":["map","string"],"description_kind":"plain","optional":true},"title":{"type":"string","description_kind":"plain","optional":true},"title_align":{"type":"string","description_kind":"plain","optional":true},"title_size":{"type":"string","description_kind":"plain","optional":true}},"block_types":{"request":{"nesting_mode":"list","block":{"attributes":{"q":{"type":"string","description_kind":"plain","optional":true}},"block_types":{"apm_query":{"nesting_mode":"list","block":{"attributes":{"compute":{"type":["map","string"],"description_kind":"plain","optional":true},"index":{"type":"string","description_kind":"plain","required":true},"search":{"type":["map","string"],"description_kind":"plain","optional":true}},"block_types":{"group_by":{"nesting_mode":"list","block":{"attributes":{"facet":{"type":"string","description_kind":"plain","optional":true},"limit":{"type":"number","description_kind":"plain","optional":true},"sort":{"type":["map","string"],"description_kind":"plain","optional":true}},"description_kind":"plain"}},"multi_compute":{"nesting_mode":"list","block":{"attributes":{"aggregation":{"type":"string","description_kind":"plain","required":true},"facet":{"type":"string","description_kind":"plain","optional":true},"interval":{"type":"number","description_kind":"plain","optional":true}},"description_kind":"plain"}}},"description_kind":"plain"},"max_items":1},"log_query":{"nesting_mode":"list","block":{"attributes":{"compute":{"type":["map","string"],"description_kind":"plain","optional":true},"index":{"type":"string","description_kind":"plain","required":true},"search":{"type":["map","string"],"description_kind":"plain","optional":true}},"block_types":{"group_by":{"nesting_mode":"list","block":{"attributes":{"facet":{"type":"string","description_kind":"plain","optional":true},"limit":{"type":"number","description_kind":"plain","optional":true},"sort":{"type":["map","string"],"description_kind":"plain","optional":true}},"description_kind":"plain"}},"multi_compute":{"nesting_mode":"list","block":{"attributes":{"aggregation":{"type":"string","description_kind":"plain","required":true},"facet":{"type":"string","description_kind":"plain","optional":true},"interval":{"type":"number","description_kind":"plain","optional":true}},"description_kind":"plain"}}},"description_kind":"plain"},"max_items":1},"process_query":{"nesting_mode":"list","block":{"attributes":{"filter_by":{"type":["list","string"],"description_kind":"plain","optional":true},"limit":{"type":"number","description_kind":"plain","optional":true},"metric":{"type":"string","description_kind":"plain","required":true},"search_by":{"type":"string","description_kind":"plain","optional":true}},"description_kind":"plain"},"max_items":1},"rum_query":{"nesting_mode":"list","block":{"attributes":{"compute":{"type":["map","string"],"description_kind":"plain","optional":true},"index":{"type":"string","description_kind":"plain","required":true},"search":{"type":["map","string"],"description_kind":"plain","optional":true}},"block_types":{"group_by":{"nesting_mode":"list","block":{"attributes":{"facet":{"type":"string","description_kind":"plain","optional":true},"limit":{"type":"number","description_kind":"plain","optional":true},"sort":{"type":["map","string"],"description_kind":"plain","optional":true}},"description_kind":"plain"}},"multi_compute":{"nesting_mode":"list","block":{"attributes":{"aggregation":{"type":"string","description_kind":"plain","required":true},"facet":{"type":"string","description_kind":"plain","optional":true},"interval":{"type":"number","description_kind":"plain","optional":true}},"description_kind":"plain"}}},"description_kind":"plain"},"max_items":1},"security_query":{"nesting_mode":"list","block":{"attributes":{"compute":{"type":["map","string"],"description_kind":"plain","optional":true},"index":{"type":"string","description_kind":"plain","required":true},"search":{"type":["map","string"],"description_kind":"plain","optional":true}},"block_types":{"group_by":{"nesting_mode":"list","block":{"attributes":{"facet":{"type":"string","description_kind":"plain","optional":true},"limit":{"type":"number","description_kind":"plain","optional":true},"sort":{"type":["map","string"],"description_kind":"plain","optional":true}},"description_kind":"plain"}},"multi_compute":{"nesting_mode":"list","block":{"attributes":{"aggregation":{"type":"string","description_kind":"plain","required":true},"facet":{"type":"string","description_kind":"plain","optional":true},"interval":{"type":"number","description_kind":"plain","optional":true}},"description_kind":"plain"}}},"description_kind":"plain"},"max_items":1},"style":{"nesting_mode":"list","block":{"attributes":{"palette":{"type":"string","description_kind":"plain","optional":true}},"description_kind":"plain"},"max_items":1}},"description_kind":"plain"}}},"description":"The definition for a Distribution widget","description_kind":"plain"},"max_items":1},"event_stream_definition":{"nesting_mode":"list","block":{"attributes":{"event_size":{"type":"string","description_kind":"plain","optional":true},"query":{"type":"string","description_kind":"plain","required":true},"tags_execution":{"type":"string","description_kind":"plain","optional":true},"time":{"type":["map","string"],"description_kind":"plain","optional":true},"title":{"type":"string","description_kind":"plain","optional":true},"title_align":{"type":"string","description_kind":"plain","optional":true},"title_size":{"type":"string","description_kind":"plain","optional":true}},"description":"The definition for a Event Stream widget","description_kind":"plain"},"max_items":1},"event_timeline_definition":{"nesting_mode":"list","block":{"attributes":{"query":{"type":"string","description_kind":"plain","required":true},"tags_execution":{"type":"string","description_kind":"plain","optional":true},"time":{"type":["map","string"],"description_kind":"plain","optional":true},"title":{"type":"string","description_kind":"plain","optional":true},"title_align":{"type":"string","description_kind":"plain","optional":true},"title_size":{"type":"string","description_kind":"plain","optional":true}},"description":"The definition for a Event Timeline widget","description_kind":"plain"},"max_items":1},"free_text_definition":{"nesting_mode":"list","block":{"attributes":{"color":{"type":"string","description_kind":"plain","optional":true},"font_size":{"type":"string","description_kind":"plain","optional":true},"text":{"type":"string","description_kind":"plain","required":true},"text_align":{"type":"string","description_kind":"plain","optional":true}},"description":"The definition for a Free Text widget","description_kind":"plain"},"max_items":1},"group_definition":{"nesting_mode":"list","block":{"attributes":{"layout_type":{"type":"string","description":"The layout type of the group, only 'ordered' for now.","description_kind":"plain","required":true},"title":{"type":"string","description":"The title of the group.","description_kind":"plain","optional":true}},"block_types":{"widget":{"nesting_mode":"list","block":{"attributes":{"layout":{"type":["map","string"],"description":"The layout of the widget on a 'free' dashboard","description_kind":"plain","optional":true}},"block_types":{"alert_graph_definition":{"nesting_mode":"list","block":{"attributes":{"alert_id":{"type":"string","description_kind":"plain","required":true},"time":{"type":["map","string"],"description_kind":"plain","optional":true},"title":{"type":"string","description_kind":"plain","optional":true},"title_align":{"type":"string","description_kind":"plain","optional":true},"title_size":{"type":"string","description_kind":"plain","optional":true},"viz_type":{"type":"string","description_kind":"plain","required":true}},"description":"The definition for a Alert Graph widget","description_kind":"plain"},"max_items":1},"alert_value_definition":{"nesting_mode":"list","block":{"attributes":{"alert_id":{"type":"string","description_kind":"plain","required":true},"precision":{"type":"number","description_kind":"plain","optional":true},"text_align":{"type":"string","description_kind":"plain","optional":true},"title":{"type":"string","description_kind":"plain","optional":true},"title_align":{"type":"string","description_kind":"plain","optional":true},"title_size":{"type":"string","description_kind":"plain","optional":true},"unit":{"type":"string","description_kind":"plain","optional":true}},"description":"The definition for a Alert Value widget","description_kind":"plain"},"max_items":1},"change_definition":{"nesting_mode":"list","block":{"attributes":{"time":{"type":["map","string"],"description_kind":"plain","optional":true},"title":{"type":"string","description_kind":"plain","optional":true},"title_align":{"type":"string","description_kind":"plain","optional":true},"title_size":{"type":"string","description_kind":"plain","optional":true}},"block_types":{"request":{"nesting_mode":"list","block":{"attributes":{"change_type":{"type":"string","description_kind":"plain","optional":true},"compare_to":{"type":"string","description_kind":"plain","optional":true},"increase_good":{"type":"bool","description_kind":"plain","optional":true},"order_by":{"type":"string","description_kind":"plain","optional":true},"order_dir":{"type":"string","description_kind":"plain","optional":true},"q":{"type":"string","description_kind":"plain","optional":true},"show_present":{"type":"bool","description_kind":"plain","optional":true}},"block_types":{"apm_query":{"nesting_mode":"list","block":{"attributes":{"compute":{"type":["map","string"],"description_kind":"plain","optional":true},"index":{"type":"string","description_kind":"plain","required":true},"search":{"type":["map","string"],"description_kind":"plain","optional":true}},"block_types":{"group_by":{"nesting_mode":"list","block":{"attributes":{"facet":{"type":"string","description_kind":"plain","optional":true},"limit":{"type":"number","description_kind":"plain","optional":true},"sort":{"type":["map","string"],"description_kind":"plain","optional":true}},"description_kind":"plain"}},"multi_compute":{"nesting_mode":"list","block":{"attributes":{"aggregation":{"type":"string","description_kind":"plain","required":true},"facet":{"type":"string","description_kind":"plain","optional":true},"interval":{"type":"number","description_kind":"plain","optional":true}},"description_kind":"plain"}}},"description_kind":"plain"},"max_items":1},"log_query":{"nesting_mode":"list","block":{"attributes":{"compute":{"type":["map","string"],"description_kind":"plain","optional":true},"index":{"type":"string","description_kind":"plain","required":true},"search":{"type":["map","string"],"description_kind":"plain","optional":true}},"block_types":{"group_by":{"nesting_mode":"list","block":{"attributes":{"facet":{"type":"string","description_kind":"plain","optional":true},"limit":{"type":"number","description_kind":"plain","optional":true},"sort":{"type":["map","string"],"description_kind":"plain","optional":true}},"description_kind":"plain"}},"multi_compute":{"nesting_mode":"list","block":{"attributes":{"aggregation":{"type":"string","description_kind":"plain","required":true},"facet":{"type":"string","description_kind":"plain","optional":true},"interval":{"type":"number","description_kind":"plain","optional":true}},"description_kind":"plain"}}},"description_kind":"plain"},"max_items":1},"process_query":{"nesting_mode":"list","block":{"attributes":{"filter_by":{"type":["list","string"],"description_kind":"plain","optional":true},"limit":{"type":"number","description_kind":"plain","optional":true},"metric":{"type":"string","description_kind":"plain","required":true},"search_by":{"type":"string","description_kind":"plain","optional":true}},"description_kind":"plain"},"max_items":1},"rum_query":{"nesting_mode":"list","block":{"attributes":{"compute":{"type":["map","string"],"description_kind":"plain","optional":true},"index":{"type":"string","description_kind":"plain","required":true},"search":{"type":["map","string"],"description_kind":"plain","optional":true}},"block_types":{"group_by":{"nesting_mode":"list","block":{"attributes":{"facet":{"type":"string","description_kind":"plain","optional":true},"limit":{"type":"number","description_kind":"plain","optional":true},"sort":{"type":["map","string"],"description_kind":"plain","optional":true}},"description_kind":"plain"}},"multi_compute":{"nesting_mode":"list","block":{"attributes":{"aggregation":{"type":"string","description_kind":"plain","required":true},"facet":{"type":"string","description_kind":"plain","optional":true},"interval":{"type":"number","description_kind":"plain","optional":true}},"description_kind":"plain"}}},"description_kind":"plain"},"max_items":1},"security_query":{"nesting_mode":"list","block":{"attributes":{"compute":{"type":["map","string"],"description_kind":"plain","optional":true},"index":{"type":"string","description_kind":"plain","required":true},"search":{"type":["map","string"],"description_kind":"plain","optional":true}},"block_types":{"group_by":{"nesting_mode":"list","block":{"attributes":{"facet":{"type":"string","description_kind":"plain","optional":true},"limit":{"type":"number","description_kind":"plain","optional":true},"sort":{"type":["map","string"],"description_kind":"plain","optional":true}},"description_kind":"plain"}},"multi_compute":{"nesting_mode":"list","block":{"attributes":{"aggregation":{"type":"string","description_kind":"plain","required":true},"facet":{"type":"string","description_kind":"plain","optional":true},"interval":{"type":"number","description_kind":"plain","optional":true}},"description_kind":"plain"}}},"description_kind":"plain"},"max_items":1}},"description_kind":"plain"}}},"description":"The definition for a Change  widget","description_kind":"plain"},"max_items":1},"check_status_definition":{"nesting_mode":"list","block":{"attributes":{"check":{"type":"string","description_kind":"plain","required":true},"group":{"type":"string","description_kind":"plain","optional":true},"group_by":{"type":["list","string"],"description_kind":"plain","optional":true},"grouping":{"type":"string","description_kind":"plain","required":true},"tags":{"type":["list","string"],"description_kind":"plain","optional":true},"time":{"type":["map","string"],"description_kind":"plain","optional":true},"title":{"type":"string","description_kind":"plain","optional":true},"title_align":{"type":"string","description_kind":"plain","optional":true},"title_size":{"type":"string","description_kind":"plain","optional":true}},"description":"The definition for a Check Status widget","description_kind":"plain"},"max_items":1},"distribution_definition":{"nesting_mode":"list","block":{"attributes":{"legend_size":{"type":"string","description_kind":"plain","optional":true},"show_legend":{"type":"bool","description_kind":"plain","optional":true},"time":{"type":["map","string"],"description_kind":"plain","optional":true},"title":{"type":"string","description_kind":"plain","optional":true},"title_align":{"type":"string","description_kind":"plain","optional":true},"title_size":{"type":"string","description_kind":"plain","optional":true}},"block_types":{"request":{"nesting_mode":"list","block":{"attributes":{"q":{"type":"string","description_kind":"plain","optional":true}},"block_types":{"apm_query":{"nesting_mode":"list","block":{"attributes":{"compute":{"type":["map","string"],"description_kind":"plain","optional":true},"index":{"type":"string","description_kind":"plain","required":true},"search":{"type":["map","string"],"description_kind":"plain","optional":true}},"block_types":{"group_by":{"nesting_mode":"list","block":{"attributes":{"facet":{"type":"string","description_kind":"plain","optional":true},"limit":{"type":"number","description_kind":"plain","optional":true},"sort":{"type":["map","string"],"description_kind":"plain","optional":true}},"description_kind":"plain"}},"multi_compute":{"nesting_mode":"list","block":{"attributes":{"aggregation":{"type":"string","description_kind":"plain","required":true},"facet":{"type":"string","description_kind":"plain","optional":true},"interval":{"type":"number","description_kind":"plain","optional":true}},"description_kind":"plain"}}},"description_kind":"plain"},"max_items":1},"log_query":{"nesting_mode":"list","block":{"attributes":{"compute":{"type":["map","string"],"description_kind":"plain","optional":true},"index":{"type":"string","description_kind":"plain","required":true},"search":{"type":["map","string"],"description_kind":"plain","optional":true}},"block_types":{"group_by":{"nesting_mode":"list","block":{"attributes":{"facet":{"type":"string","description_kind":"plain","optional":true},"limit":{"type":"number","description_kind":"plain","optional":true},"sort":{"type":["map","string"],"description_kind":"plain","optional":true}},"description_kind":"plain"}},"multi_compute":{"nesting_mode":"list","block":{"attributes":{"aggregation":{"type":"string","description_kind":"plain","required":true},"facet":{"type":"string","description_kind":"plain","optional":true},"interval":{"type":"number","description_kind":"plain","optional":true}},"description_kind":"plain"}}},"description_kind":"plain"},"max_items":1},"process_query":{"nesting_mode":"list","block":{"attributes":{"filter_by":{"type":["list","string"],"description_kind":"plain","optional":true},"limit":{"type":"number","description_kind":"plain","optional":true},"metric":{"type":"string","description_kind":"plain","required":true},"search_by":{"type":"string","description_kind":"plain","optional":true}},"description_kind":"plain"},"max_items":1},"rum_query":{"nesting_mode":"list","block":{"attributes":{"compute":{"type":["map","string"],"description_kind":"plain","optional":true},"index":{"type":"string","description_kind":"plain","required":true},"search":{"type":["map","string"],"description_kind":"plain","optional":true}},"block_types":{"group_by":{"nesting_mode":"list","block":{"attributes":{"facet":{"type":"string","description_kind":"plain","optional":true},"limit":{"type":"number","description_kind":"plain","optional":true},"sort":{"type":["map","string"],"description_kind":"plain","optional":true}},"description_kind":"plain"}},"multi_compute":{"nesting_mode":"list","block":{"attributes":{"aggregation":{"type":"string","description_kind":"plain","required":true},"facet":{"type":"string","description_kind":"plain","optional":true},"interval":{"type":"number","description_kind":"plain","optional":true}},"description_kind":"plain"}}},"description_kind":"plain"},"max_items":1},"security_query":{"nesting_mode":"list","block":{"attributes":{"compute":{"type":["map","string"],"description_kind":"plain","optional":true},"index":{"type":"string","description_kind":"plain","required":true},"search":{"type":["map","string"],"description_kind":"plain","optional":true}},"block_types":{"group_by":{"nesting_mode":"list","block":{"attributes":{"facet":{"type":"string","description_kind":"plain","optional":true},"limit":{"type":"number","description_kind":"plain","optional":true},"sort":{"type":["map","string"],"description_kind":"plain","optional":true}},"description_kind":"plain"}},"multi_compute":{"nesting_mode":"list","block":{"attributes":{"aggregation":{"type":"string","description_kind":"plain","required":true},"facet":{"type":"string","description_kind":"plain","optional":true},"interval":{"type":"number","description_kind":"plain","optional":true}},"description_kind":"plain"}}},"description_kind":"plain"},"max_items":1},"style":{"nesting_mode":"list","block":{"attributes":{"palette":{"type":"string","description_kind":"plain","optional":true}},"description_kind":"plain"},"max_items":1}},"description_kind":"plain"}}},"description":"The definition for a Distribution widget","description_kind":"plain"},"max_items":1},"event_stream_definition":{"nesting_mode":"list","block":{"attributes":{"event_size":{"type":"string","description_kind":"plain","optional":true},"query":{"type":"string","description_kind":"plain","required":true},"tags_execution":{"type":"string","description_kind":"plain","optional":true},"time":{"type":["map","string"],"description_kind":"plain","optional":true},"title":{"type":"string","description_kind":"plain","optional":true},"title_align":{"type":"string","description_kind":"plain","optional":true},"title_size":{"type":"string","description_kind":"plain","optional":true}},"description":"The definition for a Event Stream widget","description_kind":"plain"},"max_items":1},"event_timeline_definition":{"nesting_mode":"list","block":{"attributes":{"query":{"type":"string","description_kind":"plain","required":true},"tags_execution":{"type":"string","description_kind":"plain","optional":true},"time":{"type":["map","string"],"description_kind":"plain","optional":true},"title":{"type":"string","description_kind":"plain","optional":true},"title_align":{"type":"string","description_kind":"plain","optional":true},"title_size":{"type":"string","description_kind":"plain","optional":true}},"description":"The definition for a Event Timeline widget","description_kind":"plain"},"max_items":1},"free_text_definition":{"nesting_mode":"list","block":{"attributes":{"color":{"type":"string","description_kind":"plain","optional":true},"font_size":{"type":"string","description_kind":"plain","optional":true},"text":{"type":"string","description_kind":"plain","required":true},"text_align":{"type":"string","description_kind":"plain","optional":true}},"description":"The definition for a Free Text widget","description_kind":"plain"},"max_items":1},"heatmap_definition":{"nesting_mode":"list","block":{"attributes":{"legend_size":{"type":"string","description_kind":"plain","optional":true},"show_legend":{"type":"bool","description_kind":"plain","optional":true},"time":{"type":["map","string"],"description_kind":"plain","optional":true},"title":{"type":"string","description_kind":"plain","optional":true},"title_align":{"type":"string","description_kind":"plain","optional":true},"title_size":{"type":"string","description_kind":"plain","optional":true}},"block_types":{"event":{"nesting_mode":"list","block":{"attributes":{"q":{"type":"string","description_kind":"plain","required":true},"tags_execution":{"type":"string","description_kind":"plain","optional":true}},"description_kind":"plain"}},"request":{"nesting_mode":"list","block":{"attributes":{"q":{"type":"string","description_kind":"plain","optional":true}},"block_types":{"apm_query":{"nesting_mode":"list","block":{"attributes":{"compute":{"type":["map","string"],"description_kind":"plain","optional":true},"index":{"type":"string","description_kind":"plain","required":true},"search":{"type":["map","string"],"description_kind":"plain","optional":true}},"block_types":{"group_by":{"nesting_mode":"list","block":{"attributes":{"facet":{"type":"string","description_kind":"plain","optional":true},"limit":{"type":"number","description_kind":"plain","optional":true},"sort":{"type":["map","string"],"description_kind":"plain","optional":true}},"description_kind":"plain"}},"multi_compute":{"nesting_mode":"list","block":{"attributes":{"aggregation":{"type":"string","description_kind":"plain","required":true},"facet":{"type":"string","description_kind":"plain","optional":true},"interval":{"type":"number","description_kind":"plain","optional":true}},"description_kind":"plain"}}},"description_kind":"plain"},"max_items":1},"log_query":{"nesting_mode":"list","block":{"attributes":{"compute":{"type":["map","string"],"description_kind":"plain","optional":true},"index":{"type":"string","description_kind":"plain","required":true},"search":{"type":["map","string"],"description_kind":"plain","optional":true}},"block_types":{"group_by":{"nesting_mode":"list","block":{"attributes":{"facet":{"type":"string","description_kind":"plain","optional":true},"limit":{"type":"number","description_kind":"plain","optional":true},"sort":{"type":["map","string"],"description_kind":"plain","optional":true}},"description_kind":"plain"}},"multi_compute":{"nesting_mode":"list","block":{"attributes":{"aggregation":{"type":"string","description_kind":"plain","required":true},"facet":{"type":"string","description_kind":"plain","optional":true},"interval":{"type":"number","description_kind":"plain","optional":true}},"description_kind":"plain"}}},"description_kind":"plain"},"max_items":1},"process_query":{"nesting_mode":"list","block":{"attributes":{"filter_by":{"type":["list","string"],"description_kind":"plain","optional":true},"limit":{"type":"number","description_kind":"plain","optional":true},"metric":{"type":"string","description_kind":"plain","required":true},"search_by":{"type":"string","description_kind":"plain","optional":true}},"description_kind":"plain"},"max_items":1},"rum_query":{"nesting_mode":"list","block":{"attributes":{"compute":{"type":["map","string"],"description_kind":"plain","optional":true},"index":{"type":"string","description_kind":"plain","required":true},"search":{"type":["map","string"],"description_kind":"plain","optional":true}},"block_types":{"group_by":{"nesting_mode":"list","block":{"attributes":{"facet":{"type":"string","description_kind":"plain","optional":true},"limit":{"type":"number","description_kind":"plain","optional":true},"sort":{"type":["map","string"],"description_kind":"plain","optional":true}},"description_kind":"plain"}},"multi_compute":{"nesting_mode":"list","block":{"attributes":{"aggregation":{"type":"string","description_kind":"plain","required":true},"facet":{"type":"string","description_kind":"plain","optional":true},"interval":{"type":"number","description_kind":"plain","optional":true}},"description_kind":"plain"}}},"description_kind":"plain"},"max_items":1},"security_query":{"nesting_mode":"list","block":{"attributes":{"compute":{"type":["map","string"],"description_kind":"plain","optional":true},"index":{"type":"string","description_kind":"plain","required":true},"search":{"type":["map","string"],"description_kind":"plain","optional":true}},"block_types":{"group_by":{"nesting_mode":"list","block":{"attributes":{"facet":{"type":"string","description_kind":"plain","optional":true},"limit":{"type":"number","description_kind":"plain","optional":true},"sort":{"type":["map","string"],"description_kind":"plain","optional":true}},"description_kind":"plain"}},"multi_compute":{"nesting_mode":"list","block":{"attributes":{"aggregation":{"type":"string","description_kind":"plain","required":true},"facet":{"type":"string","description_kind":"plain","optional":true},"interval":{"type":"number","description_kind":"plain","optional":true}},"description_kind":"plain"}}},"description_kind":"plain"},"max_items":1},"style":{"nesting_mode":"list","block":{"attributes":{"palette":{"type":"string","description_kind":"plain","optional":true}},"description_kind":"plain"},"max_items":1}},"description_kind":"plain"}},"yaxis":{"nesting_mode":"list","block":{"attributes":{"include_zero":{"type":"bool","description_kind":"plain","optional":true},"label":{"type":"string","description_kind":"plain","optional":true},"max":{"type":"string","description_kind":"plain","optional":true},"min":{"type":"string","description_kind":"plain","optional":true},"scale":{"type":"string","description_kind":"plain","optional":true}},"description_kind":"plain"},"max_items":1}},"description":"The definition for a Heatmap widget","description_kind":"plain"},"max_items":1},"hostmap_definition":{"nesting_mode":"list","block":{"attributes":{"group":{"type":["list","string"],"description_kind":"plain","optional":true},"no_group_hosts":{"type":"bool","description_kind":"plain","optional":true},"no_metric_hosts":{"type":"bool","description_kind":"plain","optional":true},"node_type":{"type":"string","description_kind":"plain","optional":true},"scope":{"type":["list","string"],"description_kind":"plain","optional":true},"title":{"type":"string","description_kind":"plain","optional":true},"title_align":{"type":"string","description_kind":"plain","optional":true},"title_size":{"type":"string","description_kind":"plain","optional":true}},"block_types":{"request":{"nesting_mode":"list","block":{"block_types":{"fill":{"nesting_mode":"list","block":{"attributes":{"q":{"type":"string","description_kind":"plain","optional":true}},"block_types":{"apm_query":{"nesting_mode":"list","block":{"attributes":{"compute":{"type":["map","string"],"description_kind":"plain","optional":true},"index":{"type":"string","description_kind":"plain","required":true},"search":{"type":["map","string"],"description_kind":"plain","optional":true}},"block_types":{"group_by":{"nesting_mode":"list","block":{"attributes":{"facet":{"type":"string","description_kind":"plain","optional":true},"limit":{"type":"number","description_kind":"plain","optional":true},"sort":{"type":["map","string"],"description_kind":"plain","optional":true}},"description_kind":"plain"}},"multi_compute":{"nesting_mode":"list","block":{"attributes":{"aggregation":{"type":"string","description_kind":"plain","required":true},"facet":{"type":"string","description_kind":"plain","optional":true},"interval":{"type":"number","description_kind":"plain","optional":true}},"description_kind":"plain"}}},"description_kind":"plain"},"max_items":1},"log_query":{"nesting_mode":"list","block":{"attributes":{"compute":{"type":["map","string"],"description_kind":"plain","optional":true},"index":{"type":"string","description_kind":"plain","required":true},"search":{"type":["map","string"],"description_kind":"plain","optional":true}},"block_types":{"group_by":{"nesting_mode":"list","block":{"attributes":{"facet":{"type":"string","description_kind":"plain","optional":true},"limit":{"type":"number","description_kind":"plain","optional":true},"sort":{"type":["map","string"],"description_kind":"plain","optional":true}},"description_kind":"plain"}},"multi_compute":{"nesting_mode":"list","block":{"attributes":{"aggregation":{"type":"string","description_kind":"plain","required":true},"facet":{"type":"string","description_kind":"plain","optional":true},"interval":{"type":"number","description_kind":"plain","optional":true}},"description_kind":"plain"}}},"description_kind":"plain"},"max_items":1},"process_query":{"nesting_mode":"list","block":{"attributes":{"filter_by":{"type":["list","string"],"description_kind":"plain","optional":true},"limit":{"type":"number","description_kind":"plain","optional":true},"metric":{"type":"string","description_kind":"plain","required":true},"search_by":{"type":"string","description_kind":"plain","optional":true}},"description_kind":"plain"},"max_items":1},"rum_query":{"nesting_mode":"list","block":{"attributes":{"compute":{"type":["map","string"],"description_kind":"plain","optional":true},"index":{"type":"string","description_kind":"plain","required":true},"search":{"type":["map","string"],"description_kind":"plain","optional":true}},"block_types":{"group_by":{"nesting_mode":"list","block":{"attributes":{"facet":{"type":"string","description_kind":"plain","optional":true},"limit":{"type":"number","description_kind":"plain","optional":true},"sort":{"type":["map","string"],"description_kind":"plain","optional":true}},"description_kind":"plain"}},"multi_compute":{"nesting_mode":"list","block":{"attributes":{"aggregation":{"type":"string","description_kind":"plain","required":true},"facet":{"type":"string","description_kind":"plain","optional":true},"interval":{"type":"number","description_kind":"plain","optional":true}},"description_kind":"plain"}}},"description_kind":"plain"},"max_items":1},"security_query":{"nesting_mode":"list","block":{"attributes":{"compute":{"type":["map","string"],"description_kind":"plain","optional":true},"index":{"type":"string","description_kind":"plain","required":true},"search":{"type":["map","string"],"description_kind":"plain","optional":true}},"block_types":{"group_by":{"nesting_mode":"list","block":{"attributes":{"facet":{"type":"string","description_kind":"plain","optional":true},"limit":{"type":"number","description_kind":"plain","optional":true},"sort":{"type":["map","string"],"description_kind":"plain","optional":true}},"description_kind":"plain"}},"multi_compute":{"nesting_mode":"list","block":{"attributes":{"aggregation":{"type":"string","description_kind":"plain","required":true},"facet":{"type":"string","description_kind":"plain","optional":true},"interval":{"type":"number","description_kind":"plain","optional":true}},"description_kind":"plain"}}},"description_kind":"plain"},"max_items":1}},"description_kind":"plain"}},"size":{"nesting_mode":"list","block":{"attributes":{"q":{"type":"string","description_kind":"plain","optional":true}},"block_types":{"apm_query":{"nesting_mode":"list","block":{"attributes":{"compute":{"type":["map","string"],"description_kind":"plain","optional":true},"index":{"type":"string","description_kind":"plain","required":true},"search":{"type":["map","string"],"description_kind":"plain","optional":true}},"block_types":{"group_by":{"nesting_mode":"list","block":{"attributes":{"facet":{"type":"string","description_kind":"plain","optional":true},"limit":{"type":"number","description_kind":"plain","optional":true},"sort":{"type":["map","string"],"description_kind":"plain","optional":true}},"description_kind":"plain"}},"multi_compute":{"nesting_mode":"list","block":{"attributes":{"aggregation":{"type":"string","description_kind":"plain","required":true},"facet":{"type":"string","description_kind":"plain","optional":true},"interval":{"type":"number","description_kind":"plain","optional":true}},"description_kind":"plain"}}},"description_kind":"plain"},"max_items":1},"log_query":{"nesting_mode":"list","block":{"attributes":{"compute":{"type":["map","string"],"description_kind":"plain","optional":true},"index":{"type":"string","description_kind":"plain","required":true},"search":{"type":["map","string"],"description_kind":"plain","optional":true}},"block_types":{"group_by":{"nesting_mode":"list","block":{"attributes":{"facet":{"type":"string","description_kind":"plain","optional":true},"limit":{"type":"number","description_kind":"plain","optional":true},"sort":{"type":["map","string"],"description_kind":"plain","optional":true}},"description_kind":"plain"}},"multi_compute":{"nesting_mode":"list","block":{"attributes":{"aggregation":{"type":"string","description_kind":"plain","required":true},"facet":{"type":"string","description_kind":"plain","optional":true},"interval":{"type":"number","description_kind":"plain","optional":true}},"description_kind":"plain"}}},"description_kind":"plain"},"max_items":1},"process_query":{"nesting_mode":"list","block":{"attributes":{"filter_by":{"type":["list","string"],"description_kind":"plain","optional":true},"limit":{"type":"number","description_kind":"plain","optional":true},"metric":{"type":"string","description_kind":"plain","required":true},"search_by":{"type":"string","description_kind":"plain","optional":true}},"description_kind":"plain"},"max_items":1},"rum_query":{"nesting_mode":"list","block":{"attributes":{"compute":{"type":["map","string"],"description_kind":"plain","optional":true},"index":{"type":"string","description_kind":"plain","required":true},"search":{"type":["map","string"],"description_kind":"plain","optional":true}},"block_types":{"group_by":{"nesting_mode":"list","block":{"attributes":{"facet":{"type":"string","description_kind":"plain","optional":true},"limit":{"type":"number","description_kind":"plain","optional":true},"sort":{"type":["map","string"],"description_kind":"plain","optional":true}},"description_kind":"plain"}},"multi_compute":{"nesting_mode":"list","block":{"attributes":{"aggregation":{"type":"string","description_kind":"plain","required":true},"facet":{"type":"string","description_kind":"plain","optional":true},"interval":{"type":"number","description_kind":"plain","optional":true}},"description_kind":"plain"}}},"description_kind":"plain"},"max_items":1},"security_query":{"nesting_mode":"list","block":{"attributes":{"compute":{"type":["map","string"],"description_kind":"plain","optional":true},"index":{"type":"string","description_kind":"plain","required":true},"search":{"type":["map","string"],"description_kind":"plain","optional":true}},"block_types":{"group_by":{"nesting_mode":"list","block":{"attributes":{"facet":{"type":"string","description_kind":"plain","optional":true},"limit":{"type":"number","description_kind":"plain","optional":true},"sort":{"type":["map","string"],"description_kind":"plain","optional":true}},"description_kind":"plain"}},"multi_compute":{"nesting_mode":"list","block":{"attributes":{"aggregation":{"type":"string","description_kind":"plain","required":true},"facet":{"type":"string","description_kind":"plain","optional":true},"interval":{"type":"number","description_kind":"plain","optional":true}},"description_kind":"plain"}}},"description_kind":"plain"},"max_items":1}},"description_kind":"plain"}}},"description_kind":"plain"},"max_items":1},"style":{"nesting_mode":"list","block":{"attributes":{"fill_max":{"type":"string","description_kind":"plain","optional":true},"fill_min":{"type":"string","description_kind":"plain","optional":true},"palette":{"type":"string","description_kind":"plain","optional":true},"palette_flip":{"type":"bool","description_kind":"plain","optional":true}},"description_kind":"plain"},"max_items":1}},"description":"The definition for a Hostmap widget","description_kind":"plain"},"max_items":1},"iframe_definition":{"nesting_mode":"list","block":{"attributes":{"url":{"type":"string","description_kind":"plain","required":true}},"description":"The definition for an Iframe widget","description_kind":"plain"},"max_items":1},"image_definition":{"nesting_mode":"list","block":{"attributes":{"margin":{"type":"string","description_kind":"plain","optional":true},"sizing":{"type":"string","description_kind":"plain","optional":true},"url":{"type":"string","description_kind":"plain","required":true}},"description":"The definition for an Image widget","description_kind":"plain"},"max_items":1},"log_stream_definition":{"nesting_mode":"list","block":{"attributes":{"columns":{"type":["list","string"],"description_kind":"plain","optional":true},"indexes":{"type":["list","string"],"description_kind":"plain","optional":true},"logset":{"type":"string","description_kind":"plain","deprecated":true,"optional":true},"message_display":{"type":"string","description":"One of: ['inline', 'expanded-md', 'expanded-lg']","description_kind":"plain","optional":true},"query":{"type":"string","description_kind":"plain","optional":true},"show_date_column":{"type":"bool","description_kind":"plain","optional":true},"show_message_column":{"type":"bool","description_kind":"plain","optional":true},"time":{"type":["map","string"],"description_kind":"plain","optional":true},"title":{"type":"string","description_kind":"plain","optional":true},"title_align":{"type":"string","description_kind":"plain","optional":true},"title_size":{"type":"string","description_kind":"plain","optional":true}},"block_types":{"sort":{"nesting_mode":"list","block":{"attributes":{"column":{"type":"string","description_kind":"plain","required":true},"order":{"type":"string","description_kind":"plain","required":true}},"description_kind":"plain"},"max_items":1}},"description":"The definition for an Log Stream widget","description_kind":"plain"},"max_items":1},"manage_status_definition":{"nesting_mode":"list","block":{"attributes":{"color_preference":{"type":"string","description_kind":"plain","optional":true},"count":{"type":"number","description_kind":"plain","deprecated":true,"optional":true},"display_format":{"type":"string","description_kind":"plain","optional":true},"hide_zero_counts":{"type":"bool","description_kind":"plain","optional":true},"query":{"type":"string","description_kind":"plain","required":true},"show_last_triggered":{"type":"bool","description_kind":"plain","optional":true},"sort":{"type":"string","description_kind":"plain","optional":true},"start":{"type":"number","description_kind":"plain","deprecated":true,"optional":true},"summary_type":{"type":"string","description":"One of: ['monitors', 'groups', 'combined']","description_kind":"plain","optional":true},"title":{"type":"string","description_kind":"plain","optional":true},"title_align":{"type":"string","description_kind":"plain","optional":true},"title_size":{"type":"string","description_kind":"plain","optional":true}},"description":"The definition for an Manage Status widget","description_kind":"plain"},"max_items":1},"note_definition":{"nesting_mode":"list","block":{"attributes":{"background_color":{"type":"string","description_kind":"plain","optional":true},"content":{"type":"string","description_kind":"plain","required":true},"font_size":{"type":"string","description_kind":"plain","optional":true},"show_tick":{"type":"bool","description_kind":"plain","optional":true},"text_align":{"type":"string","description_kind":"plain","optional":true},"tick_edge":{"type":"string","description_kind":"plain","optional":true},"tick_pos":{"type":"string","description_kind":"plain","optional":true}},"description":"The definition for a Note widget","description_kind":"plain"},"max_items":1},"query_table_definition":{"nesting_mode":"list","block":{"attributes":{"time":{"type":["map","string"],"description_kind":"plain","optional":true},"title":{"type":"string","description_kind":"plain","optional":true},"title_align":{"type":"string","description_kind":"plain","optional":true},"title_size":{"type":"string","description_kind":"plain","optional":true}},"block_types":{"request":{"nesting_mode":"list","block":{"attributes":{"aggregator":{"type":"string","description_kind":"plain","optional":true},"alias":{"type":"string","description_kind":"plain","optional":true},"limit":{"type":"number","description_kind":"plain","optional":true},"order":{"type":"string","description_kind":"plain","optional":true},"q":{"type":"string","description_kind":"plain","optional":true}},"block_types":{"apm_query":{"nesting_mode":"list","block":{"attributes":{"compute":{"type":["map","string"],"description_kind":"plain","optional":true},"index":{"type":"string","description_kind":"plain","required":true},"search":{"type":["map","string"],"description_kind":"plain","optional":true}},"block_types":{"group_by":{"nesting_mode":"list","block":{"attributes":{"facet":{"type":"string","description_kind":"plain","optional":true},"limit":{"type":"number","description_kind":"plain","optional":true},"sort":{"type":["map","string"],"description_kind":"plain","optional":true}},"description_kind":"plain"}},"multi_compute":{"nesting_mode":"list","block":{"attributes":{"aggregation":{"type":"string","description_kind":"plain","required":true},"facet":{"type":"string","description_kind":"plain","optional":true},"interval":{"type":"number","description_kind":"plain","optional":true}},"description_kind":"plain"}}},"description_kind":"plain"},"max_items":1},"conditional_formats":{"nesting_mode":"list","block":{"attributes":{"comparator":{"type":"string","description_kind":"plain","required":true},"custom_bg_color":{"type":"string","description_kind":"plain","optional":true},"custom_fg_color":{"type":"string","description_kind":"plain","optional":true},"hide_value":{"type":"bool","description_kind":"plain","optional":true},"image_url":{"type":"string","description_kind":"plain","optional":true},"metric":{"type":"string","description_kind":"plain","optional":true},"palette":{"type":"string","description_kind":"plain","required":true},"timeframe":{"type":"string","description_kind":"plain","optional":true},"value":{"type":"number","description_kind":"plain","required":true}},"description_kind":"plain"}},"log_query":{"nesting_mode":"list","block":{"attributes":{"compute":{"type":["map","string"],"description_kind":"plain","optional":true},"index":{"type":"string","description_kind":"plain","required":true},"search":{"type":["map","string"],"description_kind":"plain","optional":true}},"block_types":{"group_by":{"nesting_mode":"list","block":{"attributes":{"facet":{"type":"string","description_kind":"plain","optional":true},"limit":{"type":"number","description_kind":"plain","optional":true},"sort":{"type":["map","string"],"description_kind":"plain","optional":true}},"description_kind":"plain"}},"multi_compute":{"nesting_mode":"list","block":{"attributes":{"aggregation":{"type":"string","description_kind":"plain","required":true},"facet":{"type":"string","description_kind":"plain","optional":true},"interval":{"type":"number","description_kind":"plain","optional":true}},"description_kind":"plain"}}},"description_kind":"plain"},"max_items":1},"process_query":{"nesting_mode":"list","block":{"attributes":{"filter_by":{"type":["list","string"],"description_kind":"plain","optional":true},"limit":{"type":"number","description_kind":"plain","optional":true},"metric":{"type":"string","description_kind":"plain","required":true},"search_by":{"type":"string","description_kind":"plain","optional":true}},"description_kind":"plain"},"max_items":1},"rum_query":{"nesting_mode":"list","block":{"attributes":{"compute":{"type":["map","string"],"description_kind":"plain","optional":true},"index":{"type":"string","description_kind":"plain","required":true},"search":{"type":["map","string"],"description_kind":"plain","optional":true}},"block_types":{"group_by":{"nesting_mode":"list","block":{"attributes":{"facet":{"type":"string","description_kind":"plain","optional":true},"limit":{"type":"number","description_kind":"plain","optional":true},"sort":{"type":["map","string"],"description_kind":"plain","optional":true}},"description_kind":"plain"}},"multi_compute":{"nesting_mode":"list","block":{"attributes":{"aggregation":{"type":"string","description_kind":"plain","required":true},"facet":{"type":"string","description_kind":"plain","optional":true},"interval":{"type":"number","description_kind":"plain","optional":true}},"description_kind":"plain"}}},"description_kind":"plain"},"max_items":1},"security_query":{"nesting_mode":"list","block":{"attributes":{"compute":{"type":["map","string"],"description_kind":"plain","optional":true},"index":{"type":"string","description_kind":"plain","required":true},"search":{"type":["map","string"],"description_kind":"plain","optional":true}},"block_types":{"group_by":{"nesting_mode":"list","block":{"attributes":{"facet":{"type":"string","description_kind":"plain","optional":true},"limit":{"type":"number","description_kind":"plain","optional":true},"sort":{"type":["map","string"],"description_kind":"plain","optional":true}},"description_kind":"plain"}},"multi_compute":{"nesting_mode":"list","block":{"attributes":{"aggregation":{"type":"string","description_kind":"plain","required":true},"facet":{"type":"string","description_kind":"plain","optional":true},"interval":{"type":"number","description_kind":"plain","optional":true}},"description_kind":"plain"}}},"description_kind":"plain"},"max_items":1}},"description_kind":"plain"}}},"description":"The definition for a Query Table widget","description_kind":"plain"},"max_items":1},"query_value_definition":{"nesting_mode":"list","block":{"attributes":{"autoscale":{"type":"bool","description_kind":"plain","optional":true},"custom_unit":{"type":"string","description_kind":"plain","optional":true},"precision":{"type":"number","description_kind":"plain","optional":true},"text_align":{"type":"string","description_kind":"plain","optional":true},"time":{"type":["map","string"],"description_kind":"plain","optional":true},"title":{"type":"string","description_kind":"plain","optional":true},"title_align":{"type":"string","description_kind":"plain","optional":true},"title_size":{"type":"string","description_kind":"plain","optional":true}},"block_types":{"request":{"nesting_mode":"list","block":{"attributes":{"aggregator":{"type":"string","description_kind":"plain","optional":true},"q":{"type":"string","description_kind":"plain","optional":true}},"block_types":{"apm_query":{"nesting_mode":"list","block":{"attributes":{"compute":{"type":["map","string"],"description_kind":"plain","optional":true},"index":{"type":"string","description_kind":"plain","required":true},"search":{"type":["map","string"],"description_kind":"plain","optional":true}},"block_types":{"group_by":{"nesting_mode":"list","block":{"attributes":{"facet":{"type":"string","description_kind":"plain","optional":true},"limit":{"type":"number","description_kind":"plain","optional":true},"sort":{"type":["map","string"],"description_kind":"plain","optional":true}},"description_kind":"plain"}},"multi_compute":{"nesting_mode":"list","block":{"attributes":{"aggregation":{"type":"string","description_kind":"plain","required":true},"facet":{"type":"string","description_kind":"plain","optional":true},"interval":{"type":"number","description_kind":"plain","optional":true}},"description_kind":"plain"}}},"description_kind":"plain"},"max_items":1},"conditional_formats":{"nesting_mode":"list","block":{"attributes":{"comparator":{"type":"string","description_kind":"plain","required":true},"custom_bg_color":{"type":"string","description_kind":"plain","optional":true},"custom_fg_color":{"type":"string","description_kind":"plain","optional":true},"hide_value":{"type":"bool","description_kind":"plain","optional":true},"image_url":{"type":"string","description_kind":"plain","optional":true},"metric":{"type":"string","description_kind":"plain","optional":true},"palette":{"type":"string","description_kind":"plain","required":true},"timeframe":{"type":"string","description_kind":"plain","optional":true},"value":{"type":"number","description_kind":"plain","required":true}},"description_kind":"plain"}},"log_query":{"nesting_mode":"list","block":{"attributes":{"compute":{"type":["map","string"],"description_kind":"plain","optional":true},"index":{"type":"string","description_kind":"plain","required":true},"search":{"type":["map","string"],"description_kind":"plain","optional":true}},"block_types":{"group_by":{"nesting_mode":"list","block":{"attributes":{"facet":{"type":"string","description_kind":"plain","optional":true},"limit":{"type":"number","description_kind":"plain","optional":true},"sort":{"type":["map","string"],"description_kind":"plain","optional":true}},"description_kind":"plain"}},"multi_compute":{"nesting_mode":"list","block":{"attributes":{"aggregation":{"type":"string","description_kind":"plain","required":true},"facet":{"type":"string","description_kind":"plain","optional":true},"interval":{"type":"number","description_kind":"plain","optional":true}},"description_kind":"plain"}}},"description_kind":"plain"},"max_items":1},"process_query":{"nesting_mode":"list","block":{"attributes":{"filter_by":{"type":["list","string"],"description_kind":"plain","optional":true},"limit":{"type":"number","description_kind":"plain","optional":true},"metric":{"type":"string","description_kind":"plain","required":true},"search_by":{"type":"string","description_kind":"plain","optional":true}},"description_kind":"plain"},"max_items":1},"rum_query":{"nesting_mode":"list","block":{"attributes":{"compute":{"type":["map","string"],"description_kind":"plain","optional":true},"index":{"type":"string","description_kind":"plain","required":true},"search":{"type":["map","string"],"description_kind":"plain","optional":true}},"block_types":{"group_by":{"nesting_mode":"list","block":{"attributes":{"facet":{"type":"string","description_kind":"plain","optional":true},"limit":{"type":"number","description_kind":"plain","optional":true},"sort":{"type":["map","string"],"description_kind":"plain","optional":true}},"description_kind":"plain"}},"multi_compute":{"nesting_mode":"list","block":{"attributes":{"aggregation":{"type":"string","description_kind":"plain","required":true},"facet":{"type":"string","description_kind":"plain","optional":true},"interval":{"type":"number","description_kind":"plain","optional":true}},"description_kind":"plain"}}},"description_kind":"plain"},"max_items":1},"security_query":{"nesting_mode":"list","block":{"attributes":{"compute":{"type":["map","string"],"description_kind":"plain","optional":true},"index":{"type":"string","description_kind":"plain","required":true},"search":{"type":["map","string"],"description_kind":"plain","optional":true}},"block_types":{"group_by":{"nesting_mode":"list","block":{"attributes":{"facet":{"type":"string","description_kind":"plain","optional":true},"limit":{"type":"number","description_kind":"plain","optional":true},"sort":{"type":["map","string"],"description_kind":"plain","optional":true}},"description_kind":"plain"}},"multi_compute":{"nesting_mode":"list","block":{"attributes":{"aggregation":{"type":"string","description_kind":"plain","required":true},"facet":{"type":"string","description_kind":"plain","optional":true},"interval":{"type":"number","description_kind":"plain","optional":true}},"description_kind":"plain"}}},"description_kind":"plain"},"max_items":1}},"description_kind":"plain"}}},"description":"The definition for a Query Value widget","description_kind":"plain"},"max_items":1},"scatterplot_definition":{"nesting_mode":"list","block":{"attributes":{"color_by_groups":{"type":["list","string"],"description_kind":"plain","optional":true},"time":{"type":["map","string"],"description_kind":"plain","optional":true},"title":{"type":"string","description_kind":"plain","optional":true},"title_align":{"type":"string","description_kind":"plain","optional":true},"title_size":{"type":"string","description_kind":"plain","optional":true}},"block_types":{"request":{"nesting_mode":"list","block":{"block_types":{"x":{"nesting_mode":"list","block":{"attributes":{"aggregator":{"type":"string","description_kind":"plain","optional":true},"q":{"type":"string","description_kind":"plain","optional":true}},"block_types":{"apm_query":{"nesting_mode":"list","block":{"attributes":{"compute":{"type":["map","string"],"description_kind":"plain","optional":true},"index":{"type":"string","description_kind":"plain","required":true},"search":{"type":["map","string"],"description_kind":"plain","optional":true}},"block_types":{"group_by":{"nesting_mode":"list","block":{"attributes":{"facet":{"type":"string","description_kind":"plain","optional":true},"limit":{"type":"number","description_kind":"plain","optional":true},"sort":{"type":["map","string"],"description_kind":"plain","optional":true}},"description_kind":"plain"}},"multi_compute":{"nesting_mode":"list","block":{"attributes":{"aggregation":{"type":"string","description_kind":"plain","required":true},"facet":{"type":"string","description_kind":"plain","optional":true},"interval":{"type":"number","description_kind":"plain","optional":true}},"description_kind":"plain"}}},"description_kind":"plain"},"max_items":1},"log_query":{"nesting_mode":"list","block":{"attributes":{"compute":{"type":["map","string"],"description_kind":"plain","optional":true},"index":{"type":"string","description_kind":"plain","required":true},"search":{"type":["map","string"],"description_kind":"plain","optional":true}},"block_types":{"group_by":{"nesting_mode":"list","block":{"attributes":{"facet":{"type":"string","description_kind":"plain","optional":true},"limit":{"type":"number","description_kind":"plain","optional":true},"sort":{"type":["map","string"],"description_kind":"plain","optional":true}},"description_kind":"plain"}},"multi_compute":{"nesting_mode":"list","block":{"attributes":{"aggregation":{"type":"string","description_kind":"plain","required":true},"facet":{"type":"string","description_kind":"plain","optional":true},"interval":{"type":"number","description_kind":"plain","optional":true}},"description_kind":"plain"}}},"description_kind":"plain"},"max_items":1},"process_query":{"nesting_mode":"list","block":{"attributes":{"filter_by":{"type":["list","string"],"description_kind":"plain","optional":true},"limit":{"type":"number","description_kind":"plain","optional":true},"metric":{"type":"string","description_kind":"plain","required":true},"search_by":{"type":"string","description_kind":"plain","optional":true}},"description_kind":"plain"},"max_items":1},"rum_query":{"nesting_mode":"list","block":{"attributes":{"compute":{"type":["map","string"],"description_kind":"plain","optional":true},"index":{"type":"string","description_kind":"plain","required":true},"search":{"type":["map","string"],"description_kind":"plain","optional":true}},"block_types":{"group_by":{"nesting_mode":"list","block":{"attributes":{"facet":{"type":"string","description_kind":"plain","optional":true},"limit":{"type":"number","description_kind":"plain","optional":true},"sort":{"type":["map","string"],"description_kind":"plain","optional":true}},"description_kind":"plain"}},"multi_compute":{"nesting_mode":"list","block":{"attributes":{"aggregation":{"type":"string","description_kind":"plain","required":true},"facet":{"type":"string","description_kind":"plain","optional":true},"interval":{"type":"number","description_kind":"plain","optional":true}},"description_kind":"plain"}}},"description_kind":"plain"},"max_items":1},"security_query":{"nesting_mode":"list","block":{"attributes":{"compute":{"type":["map","string"],"description_kind":"plain","optional":true},"index":{"type":"string","description_kind":"plain","required":true},"search":{"type":["map","string"],"description_kind":"plain","optional":true}},"block_types":{"group_by":{"nesting_mode":"list","block":{"attributes":{"facet":{"type":"string","description_kind":"plain","optional":true},"limit":{"type":"number","description_kind":"plain","optional":true},"sort":{"type":["map","string"],"description_kind":"plain","optional":true}},"description_kind":"plain"}},"multi_compute":{"nesting_mode":"list","block":{"attributes":{"aggregation":{"type":"string","description_kind":"plain","required":true},"facet":{"type":"string","description_kind":"plain","optional":true},"interval":{"type":"number","description_kind":"plain","optional":true}},"description_kind":"plain"}}},"description_kind":"plain"},"max_items":1}},"description_kind":"plain"}},"y":{"nesting_mode":"list","block":{"attributes":{"aggregator":{"type":"string","description_kind":"plain","optional":true},"q":{"type":"string","description_kind":"plain","optional":true}},"block_types":{"apm_query":{"nesting_mode":"list","block":{"attributes":{"compute":{"type":["map","string"],"description_kind":"plain","optional":true},"index":{"type":"string","description_kind":"plain","required":true},"search":{"type":["map","string"],"description_kind":"plain","optional":true}},"block_types":{"group_by":{"nesting_mode":"list","block":{"attributes":{"facet":{"type":"string","description_kind":"plain","optional":true},"limit":{"type":"number","description_kind":"plain","optional":true},"sort":{"type":["map","string"],"description_kind":"plain","optional":true}},"description_kind":"plain"}},"multi_compute":{"nesting_mode":"list","block":{"attributes":{"aggregation":{"type":"string","description_kind":"plain","required":true},"facet":{"type":"string","description_kind":"plain","optional":true},"interval":{"type":"number","description_kind":"plain","optional":true}},"description_kind":"plain"}}},"description_kind":"plain"},"max_items":1},"log_query":{"nesting_mode":"list","block":{"attributes":{"compute":{"type":["map","string"],"description_kind":"plain","optional":true},"index":{"type":"string","description_kind":"plain","required":true},"search":{"type":["map","string"],"description_kind":"plain","optional":true}},"block_types":{"group_by":{"nesting_mode":"list","block":{"attributes":{"facet":{"type":"string","description_kind":"plain","optional":true},"limit":{"type":"number","description_kind":"plain","optional":true},"sort":{"type":["map","string"],"description_kind":"plain","optional":true}},"description_kind":"plain"}},"multi_compute":{"nesting_mode":"list","block":{"attributes":{"aggregation":{"type":"string","description_kind":"plain","required":true},"facet":{"type":"string","description_kind":"plain","optional":true},"interval":{"type":"number","description_kind":"plain","optional":true}},"description_kind":"plain"}}},"description_kind":"plain"},"max_items":1},"process_query":{"nesting_mode":"list","block":{"attributes":{"filter_by":{"type":["list","string"],"description_kind":"plain","optional":true},"limit":{"type":"number","description_kind":"plain","optional":true},"metric":{"type":"string","description_kind":"plain","required":true},"search_by":{"type":"string","description_kind":"plain","optional":true}},"description_kind":"plain"},"max_items":1},"rum_query":{"nesting_mode":"list","block":{"attributes":{"compute":{"type":["map","string"],"description_kind":"plain","optional":true},"index":{"type":"string","description_kind":"plain","required":true},"search":{"type":["map","string"],"description_kind":"plain","optional":true}},"block_types":{"group_by":{"nesting_mode":"list","block":{"attributes":{"facet":{"type":"string","description_kind":"plain","optional":true},"limit":{"type":"number","description_kind":"plain","optional":true},"sort":{"type":["map","string"],"description_kind":"plain","optional":true}},"description_kind":"plain"}},"multi_compute":{"nesting_mode":"list","block":{"attributes":{"aggregation":{"type":"string","description_kind":"plain","required":true},"facet":{"type":"string","description_kind":"plain","optional":true},"interval":{"type":"number","description_kind":"plain","optional":true}},"description_kind":"plain"}}},"description_kind":"plain"},"max_items":1},"security_query":{"nesting_mode":"list","block":{"attributes":{"compute":{"type":["map","string"],"description_kind":"plain","optional":true},"index":{"type":"string","description_kind":"plain","required":true},"search":{"type":["map","string"],"description_kind":"plain","optional":true}},"block_types":{"group_by":{"nesting_mode":"list","block":{"attributes":{"facet":{"type":"string","description_kind":"plain","optional":true},"limit":{"type":"number","description_kind":"plain","optional":true},"sort":{"type":["map","string"],"description_kind":"plain","optional":true}},"description_kind":"plain"}},"multi_compute":{"nesting_mode":"list","block":{"attributes":{"aggregation":{"type":"string","description_kind":"plain","required":true},"facet":{"type":"string","description_kind":"plain","optional":true},"interval":{"type":"number","description_kind":"plain","optional":true}},"description_kind":"plain"}}},"description_kind":"plain"},"max_items":1}},"description_kind":"plain"}}},"description_kind":"plain"},"max_items":1},"xaxis":{"nesting_mode":"list","block":{"attributes":{"include_zero":{"type":"bool","description_kind":"plain","optional":true},"label":{"type":"string","description_kind":"plain","optional":true},"max":{"type":"string","description_kind":"plain","optional":true},"min":{"type":"string","description_kind":"plain","optional":true},"scale":{"type":"string","description_kind":"plain","optional":true}},"description_kind":"plain"},"max_items":1},"yaxis":{"nesting_mode":"list","block":{"attributes":{"include_zero":{"type":"bool","description_kind":"plain","optional":true},"label":{"type":"string","description_kind":"plain","optional":true},"max":{"type":"string","description_kind":"plain","optional":true},"min":{"type":"string","description_kind":"plain","optional":true},"scale":{"type":"string","description_kind":"plain","optional":true}},"description_kind":"plain"},"max_items":1}},"description":"The definition for a Scatterplot widget","description_kind":"plain"},"max_items":1},"service_level_objective_definition":{"nesting_mode":"list","block":{"attributes":{"show_error_budget":{"type":"bool","description_kind":"plain","optional":true},"slo_id":{"type":"string","description_kind":"plain","required":true},"time_windows":{"type":["list","string"],"description_kind":"plain","required":true},"title":{"type":"string","description_kind":"plain","optional":true},"title_align":{"type":"string","description_kind":"plain","optional":true},"title_size":{"type":"string","description_kind":"plain","optional":true},"view_mode":{"type":"string","description_kind":"plain","required":true},"view_type":{"type":"string","description_kind":"plain","required":true}},"description":"The definition for a Service Level Objective widget","description_kind":"plain"},"max_items":1},"servicemap_definition":{"nesting_mode":"list","block":{"attributes":{"filters":{"type":["list","string"],"description_kind":"plain","required":true},"service":{"type":"string","description_kind":"plain","required":true},"title":{"type":"string","description_kind":"plain","optional":true},"title_align":{"type":"string","description_kind":"plain","optional":true},"title_size":{"type":"string","description_kind":"plain","optional":true}},"description":"The definition for a Service Map widget","description_kind":"plain"},"max_items":1},"timeseries_definition":{"nesting_mode":"list","block":{"attributes":{"legend_size":{"type":"string","description_kind":"plain","optional":true},"show_legend":{"type":"bool","description_kind":"plain","optional":true},"time":{"type":["map","string"],"description_kind":"plain","optional":true},"title":{"type":"string","description_kind":"plain","optional":true},"title_align":{"type":"string","description_kind":"plain","optional":true},"title_size":{"type":"string","description_kind":"plain","optional":true}},"block_types":{"event":{"nesting_mode":"list","block":{"attributes":{"q":{"type":"string","description_kind":"plain","required":true},"tags_execution":{"type":"string","description_kind":"plain","optional":true}},"description_kind":"plain"}},"marker":{"nesting_mode":"list","block":{"attributes":{"display_type":{"type":"string","description_kind":"plain","optional":true},"label":{"type":"string","description_kind":"plain","optional":true},"value":{"type":"string","description_kind":"plain","required":true}},"description_kind":"plain"}},"request":{"nesting_mode":"list","block":{"attributes":{"display_type":{"type":"string","description_kind":"plain","optional":true},"q":{"type":"string","description_kind":"plain","optional":true}},"block_types":{"apm_query":{"nesting_mode":"list","block":{"attributes":{"compute":{"type":["map","string"],"description_kind":"plain","optional":true},"index":{"type":"string","description_kind":"plain","required":true},"search":{"type":["map","string"],"description_kind":"plain","optional":true}},"block_types":{"group_by":{"nesting_mode":"list","block":{"attributes":{"facet":{"type":"string","description_kind":"plain","optional":true},"limit":{"type":"number","description_kind":"plain","optional":true},"sort":{"type":["map","string"],"description_kind":"plain","optional":true}},"description_kind":"plain"}},"multi_compute":{"nesting_mode":"list","block":{"attributes":{"aggregation":{"type":"string","description_kind":"plain","required":true},"facet":{"type":"string","description_kind":"plain","optional":true},"interval":{"type":"number","description_kind":"plain","optional":true}},"description_kind":"plain"}}},"description_kind":"plain"},"max_items":1},"log_query":{"nesting_mode":"list","block":{"attributes":{"compute":{"type":["map","string"],"description_kind":"plain","optional":true},"index":{"type":"string","description_kind":"plain","required":true},"search":{"type":["map","string"],"description_kind":"plain","optional":true}},"block_types":{"group_by":{"nesting_mode":"list","block":{"attributes":{"facet":{"type":"string","description_kind":"plain","optional":true},"limit":{"type":"number","description_kind":"plain","optional":true},"sort":{"type":["map","string"],"description_kind":"plain","optional":true}},"description_kind":"plain"}},"multi_compute":{"nesting_mode":"list","block":{"attributes":{"aggregation":{"type":"string","description_kind":"plain","required":true},"facet":{"type":"string","description_kind":"plain","optional":true},"interval":{"type":"number","description_kind":"plain","optional":true}},"description_kind":"plain"}}},"description_kind":"plain"},"max_items":1},"metadata":{"nesting_mode":"list","block":{"attributes":{"alias_name":{"type":"string","description_kind":"plain","optional":true},"expression":{"type":"string","description_kind":"plain","required":true}},"description_kind":"plain"}},"network_query":{"nesting_mode":"list","block":{"attributes":{"compute":{"type":["map","string"],"description_kind":"plain","optional":true},"index":{"type":"string","description_kind":"plain","required":true},"search":{"type":["map","string"],"description_kind":"plain","optional":true}},"block_types":{"group_by":{"nesting_mode":"list","block":{"attributes":{"facet":{"type":"string","description_kind":"plain","optional":true},"limit":{"type":"number","description_kind":"plain","optional":true},"sort":{"type":["map","string"],"description_kind":"plain","optional":true}},"description_kind":"plain"}},"multi_compute":{"nesting_mode":"list","block":{"attributes":{"aggregation":{"type":"string","description_kind":"plain","required":true},"facet":{"type":"string","description_kind":"plain","optional":true},"interval":{"type":"number","description_kind":"plain","optional":true}},"description_kind":"plain"}}},"description_kind":"plain"},"max_items":1},"process_query":{"nesting_mode":"list","block":{"attributes":{"filter_by":{"type":["list","string"],"description_kind":"plain","optional":true},"limit":{"type":"number","description_kind":"plain","optional":true},"metric":{"type":"string","description_kind":"plain","required":true},"search_by":{"type":"string","description_kind":"plain","optional":true}},"description_kind":"plain"},"max_items":1},"rum_query":{"nesting_mode":"list","block":{"attributes":{"compute":{"type":["map","string"],"description_kind":"plain","optional":true},"index":{"type":"string","description_kind":"plain","required":true},"search":{"type":["map","string"],"description_kind":"plain","optional":true}},"block_types":{"group_by":{"nesting_mode":"list","block":{"attributes":{"facet":{"type":"string","description_kind":"plain","optional":true},"limit":{"type":"number","description_kind":"plain","optional":true},"sort":{"type":["map","string"],"description_kind":"plain","optional":true}},"description_kind":"plain"}},"multi_compute":{"nesting_mode":"list","block":{"attributes":{"aggregation":{"type":"string","description_kind":"plain","required":true},"facet":{"type":"string","description_kind":"plain","optional":true},"interval":{"type":"number","description_kind":"plain","optional":true}},"description_kind":"plain"}}},"description_kind":"plain"},"max_items":1},"security_query":{"nesting_mode":"list","block":{"attributes":{"compute":{"type":["map","string"],"description_kind":"plain","optional":true},"index":{"type":"string","description_kind":"plain","required":true},"search":{"type":["map","string"],"description_kind":"plain","optional":true}},"block_types":{"group_by":{"nesting_mode":"list","block":{"attributes":{"facet":{"type":"string","description_kind":"plain","optional":true},"limit":{"type":"number","description_kind":"plain","optional":true},"sort":{"type":["map","string"],"description_kind":"plain","optional":true}},"description_kind":"plain"}},"multi_compute":{"nesting_mode":"list","block":{"attributes":{"aggregation":{"type":"string","description_kind":"plain","required":true},"facet":{"type":"string","description_kind":"plain","optional":true},"interval":{"type":"number","description_kind":"plain","optional":true}},"description_kind":"plain"}}},"description_kind":"plain"},"max_items":1},"style":{"nesting_mode":"list","block":{"attributes":{"line_type":{"type":"string","description_kind":"plain","optional":true},"line_width":{"type":"string","description_kind":"plain","optional":true},"palette":{"type":"string","description_kind":"plain","optional":true}},"description_kind":"plain"},"max_items":1}},"description_kind":"plain"}},"yaxis":{"nesting_mode":"list","block":{"attributes":{"include_zero":{"type":"bool","description_kind":"plain","optional":true},"label":{"type":"string","description_kind":"plain","optional":true},"max":{"type":"string","description_kind":"plain","optional":true},"min":{"type":"string","description_kind":"plain","optional":true},"scale":{"type":"string","description_kind":"plain","optional":true}},"description_kind":"plain"},"max_items":1}},"description":"The definition for a Timeseries widget","description_kind":"plain"},"max_items":1},"toplist_definition":{"nesting_mode":"list","block":{"attributes":{"time":{"type":["map","string"],"description_kind":"plain","optional":true},"title":{"type":"string","description_kind":"plain","optional":true},"title_align":{"type":"string","description_kind":"plain","optional":true},"title_size":{"type":"string","description_kind":"plain","optional":true}},"block_types":{"request":{"nesting_mode":"list","block":{"attributes":{"q":{"type":"string","description_kind":"plain","optional":true}},"block_types":{"apm_query":{"nesting_mode":"list","block":{"attributes":{"compute":{"type":["map","string"],"description_kind":"plain","optional":true},"index":{"type":"string","description_kind":"plain","required":true},"search":{"type":["map","string"],"description_kind":"plain","optional":true}},"block_types":{"group_by":{"nesting_mode":"list","block":{"attributes":{"facet":{"type":"string","description_kind":"plain","optional":true},"limit":{"type":"number","description_kind":"plain","optional":true},"sort":{"type":["map","string"],"description_kind":"plain","optional":true}},"description_kind":"plain"}},"multi_compute":{"nesting_mode":"list","block":{"attributes":{"aggregation":{"type":"string","description_kind":"plain","required":true},"facet":{"type":"string","description_kind":"plain","optional":true},"interval":{"type":"number","description_kind":"plain","optional":true}},"description_kind":"plain"}}},"description_kind":"plain"},"max_items":1},"conditional_formats":{"nesting_mode":"list","block":{"attributes":{"comparator":{"type":"string","description_kind":"plain","required":true},"custom_bg_color":{"type":"string","description_kind":"plain","optional":true},"custom_fg_color":{"type":"string","description_kind":"plain","optional":true},"hide_value":{"type":"bool","description_kind":"plain","optional":true},"image_url":{"type":"string","description_kind":"plain","optional":true},"metric":{"type":"string","description_kind":"plain","optional":true},"palette":{"type":"string","description_kind":"plain","required":true},"timeframe":{"type":"string","description_kind":"plain","optional":true},"value":{"type":"number","description_kind":"plain","required":true}},"description_kind":"plain"}},"log_query":{"nesting_mode":"list","block":{"attributes":{"compute":{"type":["map","string"],"description_kind":"plain","optional":true},"index":{"type":"string","description_kind":"plain","required":true},"search":{"type":["map","string"],"description_kind":"plain","optional":true}},"block_types":{"group_by":{"nesting_mode":"list","block":{"attributes":{"facet":{"type":"string","description_kind":"plain","optional":true},"limit":{"type":"number","description_kind":"plain","optional":true},"sort":{"type":["map","string"],"description_kind":"plain","optional":true}},"description_kind":"plain"}},"multi_compute":{"nesting_mode":"list","block":{"attributes":{"aggregation":{"type":"string","description_kind":"plain","required":true},"facet":{"type":"string","description_kind":"plain","optional":true},"interval":{"type":"number","description_kind":"plain","optional":true}},"description_kind":"plain"}}},"description_kind":"plain"},"max_items":1},"process_query":{"nesting_mode":"list","block":{"attributes":{"filter_by":{"type":["list","string"],"description_kind":"plain","optional":true},"limit":{"type":"number","description_kind":"plain","optional":true},"metric":{"type":"string","description_kind":"plain","required":true},"search_by":{"type":"string","description_kind":"plain","optional":true}},"description_kind":"plain"},"max_items":1},"rum_query":{"nesting_mode":"list","block":{"attributes":{"compute":{"type":["map","string"],"description_kind":"plain","optional":true},"index":{"type":"string","description_kind":"plain","required":true},"search":{"type":["map","string"],"description_kind":"plain","optional":true}},"block_types":{"group_by":{"nesting_mode":"list","block":{"attributes":{"facet":{"type":"string","description_kind":"plain","optional":true},"limit":{"type":"number","description_kind":"plain","optional":true},"sort":{"type":["map","string"],"description_kind":"plain","optional":true}},"description_kind":"plain"}},"multi_compute":{"nesting_mode":"list","block":{"attributes":{"aggregation":{"type":"string","description_kind":"plain","required":true},"facet":{"type":"string","description_kind":"plain","optional":true},"interval":{"type":"number","description_kind":"plain","optional":true}},"description_kind":"plain"}}},"description_kind":"plain"},"max_items":1},"security_query":{"nesting_mode":"list","block":{"attributes":{"compute":{"type":["map","string"],"description_kind":"plain","optional":true},"index":{"type":"string","description_kind":"plain","required":true},"search":{"type":["map","string"],"description_kind":"plain","optional":true}},"block_types":{"group_by":{"nesting_mode":"list","block":{"attributes":{"facet":{"type":"string","description_kind":"plain","optional":true},"limit":{"type":"number","description_kind":"plain","optional":true},"sort":{"type":["map","string"],"description_kind":"plain","optional":true}},"description_kind":"plain"}},"multi_compute":{"nesting_mode":"list","block":{"attributes":{"aggregation":{"type":"string","description_kind":"plain","required":true},"facet":{"type":"string","description_kind":"plain","optional":true},"interval":{"type":"number","description_kind":"plain","optional":true}},"description_kind":"plain"}}},"description_kind":"plain"},"max_items":1},"style":{"nesting_mode":"list","block":{"attributes":{"palette":{"type":"string","description_kind":"plain","optional":true}},"description_kind":"plain"},"max_items":1}},"description_kind":"plain"}}},"description":"The definition for a Toplist widget","description_kind":"plain"},"max_items":1},"trace_service_definition":{"nesting_mode":"list","block":{"attributes":{"display_format":{"type":"string","description_kind":"plain","optional":true},"env":{"type":"string","description_kind":"plain","required":true},"service":{"type":"string","description_kind":"plain","required":true},"show_breakdown":{"type":"bool","description_kind":"plain","optional":true},"show_distribution":{"type":"bool","description_kind":"plain","optional":true},"show_errors":{"type":"bool","description_kind":"plain","optional":true},"show_hits":{"type":"bool","description_kind":"plain","optional":true},"show_latency":{"type":"bool","description_kind":"plain","optional":true},"show_resource_list":{"type":"bool","description_kind":"plain","optional":true},"size_format":{"type":"string","description_kind":"plain","optional":true},"span_name":{"type":"string","description_kind":"plain","required":true},"time":{"type":["map","string"],"description_kind":"plain","optional":true},"title":{"type":"string","description_kind":"plain","optional":true},"title_align":{"type":"string","description_kind":"plain","optional":true},"title_size":{"type":"string","description_kind":"plain","optional":true}},"description":"The definition for a Trace Service widget","description_kind":"plain"},"max_items":1}},"description":"The list of widgets in this group.","description_kind":"plain"},"min_items":1}},"description":"The definition for a Group widget","description_kind":"plain"},"max_items":1},"heatmap_definition":{"nesting_mode":"list","block":{"attributes":{"legend_size":{"type":"string","description_kind":"plain","optional":true},"show_legend":{"type":"bool","description_kind":"plain","optional":true},"time":{"type":["map","string"],"description_kind":"plain","optional":true},"title":{"type":"string","description_kind":"plain","optional":true},"title_align":{"type":"string","description_kind":"plain","optional":true},"title_size":{"type":"string","description_kind":"plain","optional":true}},"block_types":{"event":{"nesting_mode":"list","block":{"attributes":{"q":{"type":"string","description_kind":"plain","required":true},"tags_execution":{"type":"string","description_kind":"plain","optional":true}},"description_kind":"plain"}},"request":{"nesting_mode":"list","block":{"attributes":{"q":{"type":"string","description_kind":"plain","optional":true}},"block_types":{"apm_query":{"nesting_mode":"list","block":{"attributes":{"compute":{"type":["map","string"],"description_kind":"plain","optional":true},"index":{"type":"string","description_kind":"plain","required":true},"search":{"type":["map","string"],"description_kind":"plain","optional":true}},"block_types":{"group_by":{"nesting_mode":"list","block":{"attributes":{"facet":{"type":"string","description_kind":"plain","optional":true},"limit":{"type":"number","description_kind":"plain","optional":true},"sort":{"type":["map","string"],"description_kind":"plain","optional":true}},"description_kind":"plain"}},"multi_compute":{"nesting_mode":"list","block":{"attributes":{"aggregation":{"type":"string","description_kind":"plain","required":true},"facet":{"type":"string","description_kind":"plain","optional":true},"interval":{"type":"number","description_kind":"plain","optional":true}},"description_kind":"plain"}}},"description_kind":"plain"},"max_items":1},"log_query":{"nesting_mode":"list","block":{"attributes":{"compute":{"type":["map","string"],"description_kind":"plain","optional":true},"index":{"type":"string","description_kind":"plain","required":true},"search":{"type":["map","string"],"description_kind":"plain","optional":true}},"block_types":{"group_by":{"nesting_mode":"list","block":{"attributes":{"facet":{"type":"string","description_kind":"plain","optional":true},"limit":{"type":"number","description_kind":"plain","optional":true},"sort":{"type":["map","string"],"description_kind":"plain","optional":true}},"description_kind":"plain"}},"multi_compute":{"nesting_mode":"list","block":{"attributes":{"aggregation":{"type":"string","description_kind":"plain","required":true},"facet":{"type":"string","description_kind":"plain","optional":true},"interval":{"type":"number","description_kind":"plain","optional":true}},"description_kind":"plain"}}},"description_kind":"plain"},"max_items":1},"process_query":{"nesting_mode":"list","block":{"attributes":{"filter_by":{"type":["list","string"],"description_kind":"plain","optional":true},"limit":{"type":"number","description_kind":"plain","optional":true},"metric":{"type":"string","description_kind":"plain","required":true},"search_by":{"type":"string","description_kind":"plain","optional":true}},"description_kind":"plain"},"max_items":1},"rum_query":{"nesting_mode":"list","block":{"attributes":{"compute":{"type":["map","string"],"description_kind":"plain","optional":true},"index":{"type":"string","description_kind":"plain","required":true},"search":{"type":["map","string"],"description_kind":"plain","optional":true}},"block_types":{"group_by":{"nesting_mode":"list","block":{"attributes":{"facet":{"type":"string","description_kind":"plain","optional":true},"limit":{"type":"number","description_kind":"plain","optional":true},"sort":{"type":["map","string"],"description_kind":"plain","optional":true}},"description_kind":"plain"}},"multi_compute":{"nesting_mode":"list","block":{"attributes":{"aggregation":{"type":"string","description_kind":"plain","required":true},"facet":{"type":"string","description_kind":"plain","optional":true},"interval":{"type":"number","description_kind":"plain","optional":true}},"description_kind":"plain"}}},"description_kind":"plain"},"max_items":1},"security_query":{"nesting_mode":"list","block":{"attributes":{"compute":{"type":["map","string"],"description_kind":"plain","optional":true},"index":{"type":"string","description_kind":"plain","required":true},"search":{"type":["map","string"],"description_kind":"plain","optional":true}},"block_types":{"group_by":{"nesting_mode":"list","block":{"attributes":{"facet":{"type":"string","description_kind":"plain","optional":true},"limit":{"type":"number","description_kind":"plain","optional":true},"sort":{"type":["map","string"],"description_kind":"plain","optional":true}},"description_kind":"plain"}},"multi_compute":{"nesting_mode":"list","block":{"attributes":{"aggregation":{"type":"string","description_kind":"plain","required":true},"facet":{"type":"string","description_kind":"plain","optional":true},"interval":{"type":"number","description_kind":"plain","optional":true}},"description_kind":"plain"}}},"description_kind":"plain"},"max_items":1},"style":{"nesting_mode":"list","block":{"attributes":{"palette":{"type":"string","description_kind":"plain","optional":true}},"description_kind":"plain"},"max_items":1}},"description_kind":"plain"}},"yaxis":{"nesting_mode":"list","block":{"attributes":{"include_zero":{"type":"bool","description_kind":"plain","optional":true},"label":{"type":"string","description_kind":"plain","optional":true},"max":{"type":"string","description_kind":"plain","optional":true},"min":{"type":"string","description_kind":"plain","optional":true},"scale":{"type":"string","description_kind":"plain","optional":true}},"description_kind":"plain"},"max_items":1}},"description":"The definition for a Heatmap widget","description_kind":"plain"},"max_items":1},"hostmap_definition":{"nesting_mode":"list","block":{"attributes":{"group":{"type":["list","string"],"description_kind":"plain","optional":true},"no_group_hosts":{"type":"bool","description_kind":"plain","optional":true},"no_metric_hosts":{"type":"bool","description_kind":"plain","optional":true},"node_type":{"type":"string","description_kind":"plain","optional":true},"scope":{"type":["list","string"],"description_kind":"plain","optional":true},"title":{"type":"string","description_kind":"plain","optional":true},"title_align":{"type":"string","description_kind":"plain","optional":true},"title_size":{"type":"string","description_kind":"plain","optional":true}},"block_types":{"request":{"nesting_mode":"list","block":{"block_types":{"fill":{"nesting_mode":"list","block":{"attributes":{"q":{"type":"string","description_kind":"plain","optional":true}},"block_types":{"apm_query":{"nesting_mode":"list","block":{"attributes":{"compute":{"type":["map","string"],"description_kind":"plain","optional":true},"index":{"type":"string","description_kind":"plain","required":true},"search":{"type":["map","string"],"description_kind":"plain","optional":true}},"block_types":{"group_by":{"nesting_mode":"list","block":{"attributes":{"facet":{"type":"string","description_kind":"plain","optional":true},"limit":{"type":"number","description_kind":"plain","optional":true},"sort":{"type":["map","string"],"description_kind":"plain","optional":true}},"description_kind":"plain"}},"multi_compute":{"nesting_mode":"list","block":{"attributes":{"aggregation":{"type":"string","description_kind":"plain","required":true},"facet":{"type":"string","description_kind":"plain","optional":true},"interval":{"type":"number","description_kind":"plain","optional":true}},"description_kind":"plain"}}},"description_kind":"plain"},"max_items":1},"log_query":{"nesting_mode":"list","block":{"attributes":{"compute":{"type":["map","string"],"description_kind":"plain","optional":true},"index":{"type":"string","description_kind":"plain","required":true},"search":{"type":["map","string"],"description_kind":"plain","optional":true}},"block_types":{"group_by":{"nesting_mode":"list","block":{"attributes":{"facet":{"type":"string","description_kind":"plain","optional":true},"limit":{"type":"number","description_kind":"plain","optional":true},"sort":{"type":["map","string"],"description_kind":"plain","optional":true}},"description_kind":"plain"}},"multi_compute":{"nesting_mode":"list","block":{"attributes":{"aggregation":{"type":"string","description_kind":"plain","required":true},"facet":{"type":"string","description_kind":"plain","optional":true},"interval":{"type":"number","description_kind":"plain","optional":true}},"description_kind":"plain"}}},"description_kind":"plain"},"max_items":1},"process_query":{"nesting_mode":"list","block":{"attributes":{"filter_by":{"type":["list","string"],"description_kind":"plain","optional":true},"limit":{"type":"number","description_kind":"plain","optional":true},"metric":{"type":"string","description_kind":"plain","required":true},"search_by":{"type":"string","description_kind":"plain","optional":true}},"description_kind":"plain"},"max_items":1},"rum_query":{"nesting_mode":"list","block":{"attributes":{"compute":{"type":["map","string"],"description_kind":"plain","optional":true},"index":{"type":"string","description_kind":"plain","required":true},"search":{"type":["map","string"],"description_kind":"plain","optional":true}},"block_types":{"group_by":{"nesting_mode":"list","block":{"attributes":{"facet":{"type":"string","description_kind":"plain","optional":true},"limit":{"type":"number","description_kind":"plain","optional":true},"sort":{"type":["map","string"],"description_kind":"plain","optional":true}},"description_kind":"plain"}},"multi_compute":{"nesting_mode":"list","block":{"attributes":{"aggregation":{"type":"string","description_kind":"plain","required":true},"facet":{"type":"string","description_kind":"plain","optional":true},"interval":{"type":"number","description_kind":"plain","optional":true}},"description_kind":"plain"}}},"description_kind":"plain"},"max_items":1},"security_query":{"nesting_mode":"list","block":{"attributes":{"compute":{"type":["map","string"],"description_kind":"plain","optional":true},"index":{"type":"string","description_kind":"plain","required":true},"search":{"type":["map","string"],"description_kind":"plain","optional":true}},"block_types":{"group_by":{"nesting_mode":"list","block":{"attributes":{"facet":{"type":"string","description_kind":"plain","optional":true},"limit":{"type":"number","description_kind":"plain","optional":true},"sort":{"type":["map","string"],"description_kind":"plain","optional":true}},"description_kind":"plain"}},"multi_compute":{"nesting_mode":"list","block":{"attributes":{"aggregation":{"type":"string","description_kind":"plain","required":true},"facet":{"type":"string","description_kind":"plain","optional":true},"interval":{"type":"number","description_kind":"plain","optional":true}},"description_kind":"plain"}}},"description_kind":"plain"},"max_items":1}},"description_kind":"plain"}},"size":{"nesting_mode":"list","block":{"attributes":{"q":{"type":"string","description_kind":"plain","optional":true}},"block_types":{"apm_query":{"nesting_mode":"list","block":{"attributes":{"compute":{"type":["map","string"],"description_kind":"plain","optional":true},"index":{"type":"string","description_kind":"plain","required":true},"search":{"type":["map","string"],"description_kind":"plain","optional":true}},"block_types":{"group_by":{"nesting_mode":"list","block":{"attributes":{"facet":{"type":"string","description_kind":"plain","optional":true},"limit":{"type":"number","description_kind":"plain","optional":true},"sort":{"type":["map","string"],"description_kind":"plain","optional":true}},"description_kind":"plain"}},"multi_compute":{"nesting_mode":"list","block":{"attributes":{"aggregation":{"type":"string","description_kind":"plain","required":true},"facet":{"type":"string","description_kind":"plain","optional":true},"interval":{"type":"number","description_kind":"plain","optional":true}},"description_kind":"plain"}}},"description_kind":"plain"},"max_items":1},"log_query":{"nesting_mode":"list","block":{"attributes":{"compute":{"type":["map","string"],"description_kind":"plain","optional":true},"index":{"type":"string","description_kind":"plain","required":true},"search":{"type":["map","string"],"description_kind":"plain","optional":true}},"block_types":{"group_by":{"nesting_mode":"list","block":{"attributes":{"facet":{"type":"string","description_kind":"plain","optional":true},"limit":{"type":"number","description_kind":"plain","optional":true},"sort":{"type":["map","string"],"description_kind":"plain","optional":true}},"description_kind":"plain"}},"multi_compute":{"nesting_mode":"list","block":{"attributes":{"aggregation":{"type":"string","description_kind":"plain","required":true},"facet":{"type":"string","description_kind":"plain","optional":true},"interval":{"type":"number","description_kind":"plain","optional":true}},"description_kind":"plain"}}},"description_kind":"plain"},"max_items":1},"process_query":{"nesting_mode":"list","block":{"attributes":{"filter_by":{"type":["list","string"],"description_kind":"plain","optional":true},"limit":{"type":"number","description_kind":"plain","optional":true},"metric":{"type":"string","description_kind":"plain","required":true},"search_by":{"type":"string","description_kind":"plain","optional":true}},"description_kind":"plain"},"max_items":1},"rum_query":{"nesting_mode":"list","block":{"attributes":{"compute":{"type":["map","string"],"description_kind":"plain","optional":true},"index":{"type":"string","description_kind":"plain","required":true},"search":{"type":["map","string"],"description_kind":"plain","optional":true}},"block_types":{"group_by":{"nesting_mode":"list","block":{"attributes":{"facet":{"type":"string","description_kind":"plain","optional":true},"limit":{"type":"number","description_kind":"plain","optional":true},"sort":{"type":["map","string"],"description_kind":"plain","optional":true}},"description_kind":"plain"}},"multi_compute":{"nesting_mode":"list","block":{"attributes":{"aggregation":{"type":"string","description_kind":"plain","required":true},"facet":{"type":"string","description_kind":"plain","optional":true},"interval":{"type":"number","description_kind":"plain","optional":true}},"description_kind":"plain"}}},"description_kind":"plain"},"max_items":1},"security_query":{"nesting_mode":"list","block":{"attributes":{"compute":{"type":["map","string"],"description_kind":"plain","optional":true},"index":{"type":"string","description_kind":"plain","required":true},"search":{"type":["map","string"],"description_kind":"plain","optional":true}},"block_types":{"group_by":{"nesting_mode":"list","block":{"attributes":{"facet":{"type":"string","description_kind":"plain","optional":true},"limit":{"type":"number","description_kind":"plain","optional":true},"sort":{"type":["map","string"],"description_kind":"plain","optional":true}},"description_kind":"plain"}},"multi_compute":{"nesting_mode":"list","block":{"attributes":{"aggregation":{"type":"string","description_kind":"plain","required":true},"facet":{"type":"string","description_kind":"plain","optional":true},"interval":{"type":"number","description_kind":"plain","optional":true}},"description_kind":"plain"}}},"description_kind":"plain"},"max_items":1}},"description_kind":"plain"}}},"description_kind":"plain"},"max_items":1},"style":{"nesting_mode":"list","block":{"attributes":{"fill_max":{"type":"string","description_kind":"plain","optional":true},"fill_min":{"type":"string","description_kind":"plain","optional":true},"palette":{"type":"string","description_kind":"plain","optional":true},"palette_flip":{"type":"bool","description_kind":"plain","optional":true}},"description_kind":"plain"},"max_items":1}},"description":"The definition for a Hostmap widget","description_kind":"plain"},"max_items":1},"iframe_definition":{"nesting_mode":"list","block":{"attributes":{"url":{"type":"string","description_kind":"plain","required":true}},"description":"The definition for an Iframe widget","description_kind":"plain"},"max_items":1},"image_definition":{"nesting_mode":"list","block":{"attributes":{"margin":{"type":"string","description_kind":"plain","optional":true},"sizing":{"type":"string","description_kind":"plain","optional":true},"url":{"type":"string","description_kind":"plain","required":true}},"description":"The definition for an Image widget","description_kind":"plain"},"max_items":1},"log_stream_definition":{"nesting_mode":"list","block":{"attributes":{"columns":{"type":["list","string"],"description_kind":"plain","optional":true},"indexes":{"type":["list","string"],"description_kind":"plain","optional":true},"logset":{"type":"string","description_kind":"plain","deprecated":true,"optional":true},"message_display":{"type":"string","description":"One of: ['inline', 'expanded-md', 'expanded-lg']","description_kind":"plain","optional":true},"query":{"type":"string","description_kind":"plain","optional":true},"show_date_column":{"type":"bool","description_kind":"plain","optional":true},"show_message_column":{"type":"bool","description_kind":"plain","optional":true},"time":{"type":["map","string"],"description_kind":"plain","optional":true},"title":{"type":"string","description_kind":"plain","optional":true},"title_align":{"type":"string","description_kind":"plain","optional":true},"title_size":{"type":"string","description_kind":"plain","optional":true}},"block_types":{"sort":{"nesting_mode":"list","block":{"attributes":{"column":{"type":"string","description_kind":"plain","required":true},"order":{"type":"string","description_kind":"plain","required":true}},"description_kind":"plain"},"max_items":1}},"description":"The definition for an Log Stream widget","description_kind":"plain"},"max_items":1},"manage_status_definition":{"nesting_mode":"list","block":{"attributes":{"color_preference":{"type":"string","description_kind":"plain","optional":true},"count":{"type":"number","description_kind":"plain","deprecated":true,"optional":true},"display_format":{"type":"string","description_kind":"plain","optional":true},"hide_zero_counts":{"type":"bool","description_kind":"plain","optional":true},"query":{"type":"string","description_kind":"plain","required":true},"show_last_triggered":{"type":"bool","description_kind":"plain","optional":true},"sort":{"type":"string","description_kind":"plain","optional":true},"start":{"type":"number","description_kind":"plain","deprecated":true,"optional":true},"summary_type":{"type":"string","description":"One of: ['monitors', 'groups', 'combined']","description_kind":"plain","optional":true},"title":{"type":"string","description_kind":"plain","optional":true},"title_align":{"type":"string","description_kind":"plain","optional":true},"title_size":{"type":"string","description_kind":"plain","optional":true}},"description":"The definition for an Manage Status widget","description_kind":"plain"},"max_items":1},"note_definition":{"nesting_mode":"list","block":{"attributes":{"background_color":{"type":"string","description_kind":"plain","optional":true},"content":{"type":"string","description_kind":"plain","required":true},"font_size":{"type":"string","description_kind":"plain","optional":true},"show_tick":{"type":"bool","description_kind":"plain","optional":true},"text_align":{"type":"string","description_kind":"plain","optional":true},"tick_edge":{"type":"string","description_kind":"plain","optional":true},"tick_pos":{"type":"string","description_kind":"plain","optional":true}},"description":"The definition for a Note widget","description_kind":"plain"},"max_items":1},"query_table_definition":{"nesting_mode":"list","block":{"attributes":{"time":{"type":["map","string"],"description_kind":"plain","optional":true},"title":{"type":"string","description_kind":"plain","optional":true},"title_align":{"type":"string","description_kind":"plain","optional":true},"title_size":{"type":"string","description_kind":"plain","optional":true}},"block_types":{"request":{"nesting_mode":"list","block":{"attributes":{"aggregator":{"type":"string","description_kind":"plain","optional":true},"alias":{"type":"string","description_kind":"plain","optional":true},"limit":{"type":"number","description_kind":"plain","optional":true},"order":{"type":"string","description_kind":"plain","optional":true},"q":{"type":"string","description_kind":"plain","optional":true}},"block_types":{"apm_query":{"nesting_mode":"list","block":{"attributes":{"compute":{"type":["map","string"],"description_kind":"plain","optional":true},"index":{"type":"string","description_kind":"plain","required":true},"search":{"type":["map","string"],"description_kind":"plain","optional":true}},"block_types":{"group_by":{"nesting_mode":"list","block":{"attributes":{"facet":{"type":"string","description_kind":"plain","optional":true},"limit":{"type":"number","description_kind":"plain","optional":true},"sort":{"type":["map","string"],"description_kind":"plain","optional":true}},"description_kind":"plain"}},"multi_compute":{"nesting_mode":"list","block":{"attributes":{"aggregation":{"type":"string","description_kind":"plain","required":true},"facet":{"type":"string","description_kind":"plain","optional":true},"interval":{"type":"number","description_kind":"plain","optional":true}},"description_kind":"plain"}}},"description_kind":"plain"},"max_items":1},"conditional_formats":{"nesting_mode":"list","block":{"attributes":{"comparator":{"type":"string","description_kind":"plain","required":true},"custom_bg_color":{"type":"string","description_kind":"plain","optional":true},"custom_fg_color":{"type":"string","description_kind":"plain","optional":true},"hide_value":{"type":"bool","description_kind":"plain","optional":true},"image_url":{"type":"string","description_kind":"plain","optional":true},"metric":{"type":"string","description_kind":"plain","optional":true},"palette":{"type":"string","description_kind":"plain","required":true},"timeframe":{"type":"string","description_kind":"plain","optional":true},"value":{"type":"number","description_kind":"plain","required":true}},"description_kind":"plain"}},"log_query":{"nesting_mode":"list","block":{"attributes":{"compute":{"type":["map","string"],"description_kind":"plain","optional":true},"index":{"type":"string","description_kind":"plain","required":true},"search":{"type":["map","string"],"description_kind":"plain","optional":true}},"block_types":{"group_by":{"nesting_mode":"list","block":{"attributes":{"facet":{"type":"string","description_kind":"plain","optional":true},"limit":{"type":"number","description_kind":"plain","optional":true},"sort":{"type":["map","string"],"description_kind":"plain","optional":true}},"description_kind":"plain"}},"multi_compute":{"nesting_mode":"list","block":{"attributes":{"aggregation":{"type":"string","description_kind":"plain","required":true},"facet":{"type":"string","description_kind":"plain","optional":true},"interval":{"type":"number","description_kind":"plain","optional":true}},"description_kind":"plain"}}},"description_kind":"plain"},"max_items":1},"process_query":{"nesting_mode":"list","block":{"attributes":{"filter_by":{"type":["list","string"],"description_kind":"plain","optional":true},"limit":{"type":"number","description_kind":"plain","optional":true},"metric":{"type":"string","description_kind":"plain","required":true},"search_by":{"type":"string","description_kind":"plain","optional":true}},"description_kind":"plain"},"max_items":1},"rum_query":{"nesting_mode":"list","block":{"attributes":{"compute":{"type":["map","string"],"description_kind":"plain","optional":true},"index":{"type":"string","description_kind":"plain","required":true},"search":{"type":["map","string"],"description_kind":"plain","optional":true}},"block_types":{"group_by":{"nesting_mode":"list","block":{"attributes":{"facet":{"type":"string","description_kind":"plain","optional":true},"limit":{"type":"number","description_kind":"plain","optional":true},"sort":{"type":["map","string"],"description_kind":"plain","optional":true}},"description_kind":"plain"}},"multi_compute":{"nesting_mode":"list","block":{"attributes":{"aggregation":{"type":"string","description_kind":"plain","required":true},"facet":{"type":"string","description_kind":"plain","optional":true},"interval":{"type":"number","description_kind":"plain","optional":true}},"description_kind":"plain"}}},"description_kind":"plain"},"max_items":1},"security_query":{"nesting_mode":"list","block":{"attributes":{"compute":{"type":["map","string"],"description_kind":"plain","optional":true},"index":{"type":"string","description_kind":"plain","required":true},"search":{"type":["map","string"],"description_kind":"plain","optional":true}},"block_types":{"group_by":{"nesting_mode":"list","block":{"attributes":{"facet":{"type":"string","description_kind":"plain","optional":true},"limit":{"type":"number","description_kind":"plain","optional":true},"sort":{"type":["map","string"],"description_kind":"plain","optional":true}},"description_kind":"plain"}},"multi_compute":{"nesting_mode":"list","block":{"attributes":{"aggregation":{"type":"string","description_kind":"plain","required":true},"facet":{"type":"string","description_kind":"plain","optional":true},"interval":{"type":"number","description_kind":"plain","optional":true}},"description_kind":"plain"}}},"description_kind":"plain"},"max_items":1}},"description_kind":"plain"}}},"description":"The definition for a Query Table widget","description_kind":"plain"},"max_items":1},"query_value_definition":{"nesting_mode":"list","block":{"attributes":{"autoscale":{"type":"bool","description_kind":"plain","optional":true},"custom_unit":{"type":"string","description_kind":"plain","optional":true},"precision":{"type":"number","description_kind":"plain","optional":true},"text_align":{"type":"string","description_kind":"plain","optional":true},"time":{"type":["map","string"],"description_kind":"plain","optional":true},"title":{"type":"string","description_kind":"plain","optional":true},"title_align":{"type":"string","description_kind":"plain","optional":true},"title_size":{"type":"string","description_kind":"plain","optional":true}},"block_types":{"request":{"nesting_mode":"list","block":{"attributes":{"aggregator":{"type":"string","description_kind":"plain","optional":true},"q":{"type":"string","description_kind":"plain","optional":true}},"block_types":{"apm_query":{"nesting_mode":"list","block":{"attributes":{"compute":{"type":["map","string"],"description_kind":"plain","optional":true},"index":{"type":"string","description_kind":"plain","required":true},"search":{"type":["map","string"],"description_kind":"plain","optional":true}},"block_types":{"group_by":{"nesting_mode":"list","block":{"attributes":{"facet":{"type":"string","description_kind":"plain","optional":true},"limit":{"type":"number","description_kind":"plain","optional":true},"sort":{"type":["map","string"],"description_kind":"plain","optional":true}},"description_kind":"plain"}},"multi_compute":{"nesting_mode":"list","block":{"attributes":{"aggregation":{"type":"string","description_kind":"plain","required":true},"facet":{"type":"string","description_kind":"plain","optional":true},"interval":{"type":"number","description_kind":"plain","optional":true}},"description_kind":"plain"}}},"description_kind":"plain"},"max_items":1},"conditional_formats":{"nesting_mode":"list","block":{"attributes":{"comparator":{"type":"string","description_kind":"plain","required":true},"custom_bg_color":{"type":"string","description_kind":"plain","optional":true},"custom_fg_color":{"type":"string","description_kind":"plain","optional":true},"hide_value":{"type":"bool","description_kind":"plain","optional":true},"image_url":{"type":"string","description_kind":"plain","optional":true},"metric":{"type":"string","description_kind":"plain","optional":true},"palette":{"type":"string","description_kind":"plain","required":true},"timeframe":{"type":"string","description_kind":"plain","optional":true},"value":{"type":"number","description_kind":"plain","required":true}},"description_kind":"plain"}},"log_query":{"nesting_mode":"list","block":{"attributes":{"compute":{"type":["map","string"],"description_kind":"plain","optional":true},"index":{"type":"string","description_kind":"plain","required":true},"search":{"type":["map","string"],"description_kind":"plain","optional":true}},"block_types":{"group_by":{"nesting_mode":"list","block":{"attributes":{"facet":{"type":"string","description_kind":"plain","optional":true},"limit":{"type":"number","description_kind":"plain","optional":true},"sort":{"type":["map","string"],"description_kind":"plain","optional":true}},"description_kind":"plain"}},"multi_compute":{"nesting_mode":"list","block":{"attributes":{"aggregation":{"type":"string","description_kind":"plain","required":true},"facet":{"type":"string","description_kind":"plain","optional":true},"interval":{"type":"number","description_kind":"plain","optional":true}},"description_kind":"plain"}}},"description_kind":"plain"},"max_items":1},"process_query":{"nesting_mode":"list","block":{"attributes":{"filter_by":{"type":["list","string"],"description_kind":"plain","optional":true},"limit":{"type":"number","description_kind":"plain","optional":true},"metric":{"type":"string","description_kind":"plain","required":true},"search_by":{"type":"string","description_kind":"plain","optional":true}},"description_kind":"plain"},"max_items":1},"rum_query":{"nesting_mode":"list","block":{"attributes":{"compute":{"type":["map","string"],"description_kind":"plain","optional":true},"index":{"type":"string","description_kind":"plain","required":true},"search":{"type":["map","string"],"description_kind":"plain","optional":true}},"block_types":{"group_by":{"nesting_mode":"list","block":{"attributes":{"facet":{"type":"string","description_kind":"plain","optional":true},"limit":{"type":"number","description_kind":"plain","optional":true},"sort":{"type":["map","string"],"description_kind":"plain","optional":true}},"description_kind":"plain"}},"multi_compute":{"nesting_mode":"list","block":{"attributes":{"aggregation":{"type":"string","description_kind":"plain","required":true},"facet":{"type":"string","description_kind":"plain","optional":true},"interval":{"type":"number","description_kind":"plain","optional":true}},"description_kind":"plain"}}},"description_kind":"plain"},"max_items":1},"security_query":{"nesting_mode":"list","block":{"attributes":{"compute":{"type":["map","string"],"description_kind":"plain","optional":true},"index":{"type":"string","description_kind":"plain","required":true},"search":{"type":["map","string"],"description_kind":"plain","optional":true}},"block_types":{"group_by":{"nesting_mode":"list","block":{"attributes":{"facet":{"type":"string","description_kind":"plain","optional":true},"limit":{"type":"number","description_kind":"plain","optional":true},"sort":{"type":["map","string"],"description_kind":"plain","optional":true}},"description_kind":"plain"}},"multi_compute":{"nesting_mode":"list","block":{"attributes":{"aggregation":{"type":"string","description_kind":"plain","required":true},"facet":{"type":"string","description_kind":"plain","optional":true},"interval":{"type":"number","description_kind":"plain","optional":true}},"description_kind":"plain"}}},"description_kind":"plain"},"max_items":1}},"description_kind":"plain"}}},"description":"The definition for a Query Value widget","description_kind":"plain"},"max_items":1},"scatterplot_definition":{"nesting_mode":"list","block":{"attributes":{"color_by_groups":{"type":["list","string"],"description_kind":"plain","optional":true},"time":{"type":["map","string"],"description_kind":"plain","optional":true},"title":{"type":"string","description_kind":"plain","optional":true},"title_align":{"type":"string","description_kind":"plain","optional":true},"title_size":{"type":"string","description_kind":"plain","optional":true}},"block_types":{"request":{"nesting_mode":"list","block":{"block_types":{"x":{"nesting_mode":"list","block":{"attributes":{"aggregator":{"type":"string","description_kind":"plain","optional":true},"q":{"type":"string","description_kind":"plain","optional":true}},"block_types":{"apm_query":{"nesting_mode":"list","block":{"attributes":{"compute":{"type":["map","string"],"description_kind":"plain","optional":true},"index":{"type":"string","description_kind":"plain","required":true},"search":{"type":["map","string"],"description_kind":"plain","optional":true}},"block_types":{"group_by":{"nesting_mode":"list","block":{"attributes":{"facet":{"type":"string","description_kind":"plain","optional":true},"limit":{"type":"number","description_kind":"plain","optional":true},"sort":{"type":["map","string"],"description_kind":"plain","optional":true}},"description_kind":"plain"}},"multi_compute":{"nesting_mode":"list","block":{"attributes":{"aggregation":{"type":"string","description_kind":"plain","required":true},"facet":{"type":"string","description_kind":"plain","optional":true},"interval":{"type":"number","description_kind":"plain","optional":true}},"description_kind":"plain"}}},"description_kind":"plain"},"max_items":1},"log_query":{"nesting_mode":"list","block":{"attributes":{"compute":{"type":["map","string"],"description_kind":"plain","optional":true},"index":{"type":"string","description_kind":"plain","required":true},"search":{"type":["map","string"],"description_kind":"plain","optional":true}},"block_types":{"group_by":{"nesting_mode":"list","block":{"attributes":{"facet":{"type":"string","description_kind":"plain","optional":true},"limit":{"type":"number","description_kind":"plain","optional":true},"sort":{"type":["map","string"],"description_kind":"plain","optional":true}},"description_kind":"plain"}},"multi_compute":{"nesting_mode":"list","block":{"attributes":{"aggregation":{"type":"string","description_kind":"plain","required":true},"facet":{"type":"string","description_kind":"plain","optional":true},"interval":{"type":"number","description_kind":"plain","optional":true}},"description_kind":"plain"}}},"description_kind":"plain"},"max_items":1},"process_query":{"nesting_mode":"list","block":{"attributes":{"filter_by":{"type":["list","string"],"description_kind":"plain","optional":true},"limit":{"type":"number","description_kind":"plain","optional":true},"metric":{"type":"string","description_kind":"plain","required":true},"search_by":{"type":"string","description_kind":"plain","optional":true}},"description_kind":"plain"},"max_items":1},"rum_query":{"nesting_mode":"list","block":{"attributes":{"compute":{"type":["map","string"],"description_kind":"plain","optional":true},"index":{"type":"string","description_kind":"plain","required":true},"search":{"type":["map","string"],"description_kind":"plain","optional":true}},"block_types":{"group_by":{"nesting_mode":"list","block":{"attributes":{"facet":{"type":"string","description_kind":"plain","optional":true},"limit":{"type":"number","description_kind":"plain","optional":true},"sort":{"type":["map","string"],"description_kind":"plain","optional":true}},"description_kind":"plain"}},"multi_compute":{"nesting_mode":"list","block":{"attributes":{"aggregation":{"type":"string","description_kind":"plain","required":true},"facet":{"type":"string","description_kind":"plain","optional":true},"interval":{"type":"number","description_kind":"plain","optional":true}},"description_kind":"plain"}}},"description_kind":"plain"},"max_items":1},"security_query":{"nesting_mode":"list","block":{"attributes":{"compute":{"type":["map","string"],"description_kind":"plain","optional":true},"index":{"type":"string","description_kind":"plain","required":true},"search":{"type":["map","string"],"description_kind":"plain","optional":true}},"block_types":{"group_by":{"nesting_mode":"list","block":{"attributes":{"facet":{"type":"string","description_kind":"plain","optional":true},"limit":{"type":"number","description_kind":"plain","optional":true},"sort":{"type":["map","string"],"description_kind":"plain","optional":true}},"description_kind":"plain"}},"multi_compute":{"nesting_mode":"list","block":{"attributes":{"aggregation":{"type":"string","description_kind":"plain","required":true},"facet":{"type":"string","description_kind":"plain","optional":true},"interval":{"type":"number","description_kind":"plain","optional":true}},"description_kind":"plain"}}},"description_kind":"plain"},"max_items":1}},"description_kind":"plain"}},"y":{"nesting_mode":"list","block":{"attributes":{"aggregator":{"type":"string","description_kind":"plain","optional":true},"q":{"type":"string","description_kind":"plain","optional":true}},"block_types":{"apm_query":{"nesting_mode":"list","block":{"attributes":{"compute":{"type":["map","string"],"description_kind":"plain","optional":true},"index":{"type":"string","description_kind":"plain","required":true},"search":{"type":["map","string"],"description_kind":"plain","optional":true}},"block_types":{"group_by":{"nesting_mode":"list","block":{"attributes":{"facet":{"type":"string","description_kind":"plain","optional":true},"limit":{"type":"number","description_kind":"plain","optional":true},"sort":{"type":["map","string"],"description_kind":"plain","optional":true}},"description_kind":"plain"}},"multi_compute":{"nesting_mode":"list","block":{"attributes":{"aggregation":{"type":"string","description_kind":"plain","required":true},"facet":{"type":"string","description_kind":"plain","optional":true},"interval":{"type":"number","description_kind":"plain","optional":true}},"description_kind":"plain"}}},"description_kind":"plain"},"max_items":1},"log_query":{"nesting_mode":"list","block":{"attributes":{"compute":{"type":["map","string"],"description_kind":"plain","optional":true},"index":{"type":"string","description_kind":"plain","required":true},"search":{"type":["map","string"],"description_kind":"plain","optional":true}},"block_types":{"group_by":{"nesting_mode":"list","block":{"attributes":{"facet":{"type":"string","description_kind":"plain","optional":true},"limit":{"type":"number","description_kind":"plain","optional":true},"sort":{"type":["map","string"],"description_kind":"plain","optional":true}},"description_kind":"plain"}},"multi_compute":{"nesting_mode":"list","block":{"attributes":{"aggregation":{"type":"string","description_kind":"plain","required":true},"facet":{"type":"string","description_kind":"plain","optional":true},"interval":{"type":"number","description_kind":"plain","optional":true}},"description_kind":"plain"}}},"description_kind":"plain"},"max_items":1},"process_query":{"nesting_mode":"list","block":{"attributes":{"filter_by":{"type":["list","string"],"description_kind":"plain","optional":true},"limit":{"type":"number","description_kind":"plain","optional":true},"metric":{"type":"string","description_kind":"plain","required":true},"search_by":{"type":"string","description_kind":"plain","optional":true}},"description_kind":"plain"},"max_items":1},"rum_query":{"nesting_mode":"list","block":{"attributes":{"compute":{"type":["map","string"],"description_kind":"plain","optional":true},"index":{"type":"string","description_kind":"plain","required":true},"search":{"type":["map","string"],"description_kind":"plain","optional":true}},"block_types":{"group_by":{"nesting_mode":"list","block":{"attributes":{"facet":{"type":"string","description_kind":"plain","optional":true},"limit":{"type":"number","description_kind":"plain","optional":true},"sort":{"type":["map","string"],"description_kind":"plain","optional":true}},"description_kind":"plain"}},"multi_compute":{"nesting_mode":"list","block":{"attributes":{"aggregation":{"type":"string","description_kind":"plain","required":true},"facet":{"type":"string","description_kind":"plain","optional":true},"interval":{"type":"number","description_kind":"plain","optional":true}},"description_kind":"plain"}}},"description_kind":"plain"},"max_items":1},"security_query":{"nesting_mode":"list","block":{"attributes":{"compute":{"type":["map","string"],"description_kind":"plain","optional":true},"index":{"type":"string","description_kind":"plain","required":true},"search":{"type":["map","string"],"description_kind":"plain","optional":true}},"block_types":{"group_by":{"nesting_mode":"list","block":{"attributes":{"facet":{"type":"string","description_kind":"plain","optional":true},"limit":{"type":"number","description_kind":"plain","optional":true},"sort":{"type":["map","string"],"description_kind":"plain","optional":true}},"description_kind":"plain"}},"multi_compute":{"nesting_mode":"list","block":{"attributes":{"aggregation":{"type":"string","description_kind":"plain","required":true},"facet":{"type":"string","description_kind":"plain","optional":true},"interval":{"type":"number","description_kind":"plain","optional":true}},"description_kind":"plain"}}},"description_kind":"plain"},"max_items":1}},"description_kind":"plain"}}},"description_kind":"plain"},"max_items":1},"xaxis":{"nesting_mode":"list","block":{"attributes":{"include_zero":{"type":"bool","description_kind":"plain","optional":true},"label":{"type":"string","description_kind":"plain","optional":true},"max":{"type":"string","description_kind":"plain","optional":true},"min":{"type":"string","description_kind":"plain","optional":true},"scale":{"type":"string","description_kind":"plain","optional":true}},"description_kind":"plain"},"max_items":1},"yaxis":{"nesting_mode":"list","block":{"attributes":{"include_zero":{"type":"bool","description_kind":"plain","optional":true},"label":{"type":"string","description_kind":"plain","optional":true},"max":{"type":"string","description_kind":"plain","optional":true},"min":{"type":"string","description_kind":"plain","optional":true},"scale":{"type":"string","description_kind":"plain","optional":true}},"description_kind":"plain"},"max_items":1}},"description":"The definition for a Scatterplot widget","description_kind":"plain"},"max_items":1},"service_level_objective_definition":{"nesting_mode":"list","block":{"attributes":{"show_error_budget":{"type":"bool","description_kind":"plain","optional":true},"slo_id":{"type":"string","description_kind":"plain","required":true},"time_windows":{"type":["list","string"],"description_kind":"plain","required":true},"title":{"type":"string","description_kind":"plain","optional":true},"title_align":{"type":"string","description_kind":"plain","optional":true},"title_size":{"type":"string","description_kind":"plain","optional":true},"view_mode":{"type":"string","description_kind":"plain","required":true},"view_type":{"type":"string","description_kind":"plain","required":true}},"description":"The definition for a Service Level Objective widget","description_kind":"plain"},"max_items":1},"servicemap_definition":{"nesting_mode":"list","block":{"attributes":{"filters":{"type":["list","string"],"description_kind":"plain","required":true},"service":{"type":"string","description_kind":"plain","required":true},"title":{"type":"string","description_kind":"plain","optional":true},"title_align":{"type":"string","description_kind":"plain","optional":true},"title_size":{"type":"string","description_kind":"plain","optional":true}},"description":"The definition for a Service Map widget","description_kind":"plain"},"max_items":1},"timeseries_definition":{"nesting_mode":"list","block":{"attributes":{"legend_size":{"type":"string","description_kind":"plain","optional":true},"show_legend":{"type":"bool","description_kind":"plain","optional":true},"time":{"type":["map","string"],"description_kind":"plain","optional":true},"title":{"type":"string","description_kind":"plain","optional":true},"title_align":{"type":"string","description_kind":"plain","optional":true},"title_size":{"type":"string","description_kind":"plain","optional":true}},"block_types":{"event":{"nesting_mode":"list","block":{"attributes":{"q":{"type":"string","description_kind":"plain","required":true},"tags_execution":{"type":"string","description_kind":"plain","optional":true}},"description_kind":"plain"}},"marker":{"nesting_mode":"list","block":{"attributes":{"display_type":{"type":"string","description_kind":"plain","optional":true},"label":{"type":"string","description_kind":"plain","optional":true},"value":{"type":"string","description_kind":"plain","required":true}},"description_kind":"plain"}},"request":{"nesting_mode":"list","block":{"attributes":{"display_type":{"type":"string","description_kind":"plain","optional":true},"q":{"type":"string","description_kind":"plain","optional":true}},"block_types":{"apm_query":{"nesting_mode":"list","block":{"attributes":{"compute":{"type":["map","string"],"description_kind":"plain","optional":true},"index":{"type":"string","description_kind":"plain","required":true},"search":{"type":["map","string"],"description_kind":"plain","optional":true}},"block_types":{"group_by":{"nesting_mode":"list","block":{"attributes":{"facet":{"type":"string","description_kind":"plain","optional":true},"limit":{"type":"number","description_kind":"plain","optional":true},"sort":{"type":["map","string"],"description_kind":"plain","optional":true}},"description_kind":"plain"}},"multi_compute":{"nesting_mode":"list","block":{"attributes":{"aggregation":{"type":"string","description_kind":"plain","required":true},"facet":{"type":"string","description_kind":"plain","optional":true},"interval":{"type":"number","description_kind":"plain","optional":true}},"description_kind":"plain"}}},"description_kind":"plain"},"max_items":1},"log_query":{"nesting_mode":"list","block":{"attributes":{"compute":{"type":["map","string"],"description_kind":"plain","optional":true},"index":{"type":"string","description_kind":"plain","required":true},"search":{"type":["map","string"],"description_kind":"plain","optional":true}},"block_types":{"group_by":{"nesting_mode":"list","block":{"attributes":{"facet":{"type":"string","description_kind":"plain","optional":true},"limit":{"type":"number","description_kind":"plain","optional":true},"sort":{"type":["map","string"],"description_kind":"plain","optional":true}},"description_kind":"plain"}},"multi_compute":{"nesting_mode":"list","block":{"attributes":{"aggregation":{"type":"string","description_kind":"plain","required":true},"facet":{"type":"string","description_kind":"plain","optional":true},"interval":{"type":"number","description_kind":"plain","optional":true}},"description_kind":"plain"}}},"description_kind":"plain"},"max_items":1},"metadata":{"nesting_mode":"list","block":{"attributes":{"alias_name":{"type":"string","description_kind":"plain","optional":true},"expression":{"type":"string","description_kind":"plain","required":true}},"description_kind":"plain"}},"network_query":{"nesting_mode":"list","block":{"attributes":{"compute":{"type":["map","string"],"description_kind":"plain","optional":true},"index":{"type":"string","description_kind":"plain","required":true},"search":{"type":["map","string"],"description_kind":"plain","optional":true}},"block_types":{"group_by":{"nesting_mode":"list","block":{"attributes":{"facet":{"type":"string","description_kind":"plain","optional":true},"limit":{"type":"number","description_kind":"plain","optional":true},"sort":{"type":["map","string"],"description_kind":"plain","optional":true}},"description_kind":"plain"}},"multi_compute":{"nesting_mode":"list","block":{"attributes":{"aggregation":{"type":"string","description_kind":"plain","required":true},"facet":{"type":"string","description_kind":"plain","optional":true},"interval":{"type":"number","description_kind":"plain","optional":true}},"description_kind":"plain"}}},"description_kind":"plain"},"max_items":1},"process_query":{"nesting_mode":"list","block":{"attributes":{"filter_by":{"type":["list","string"],"description_kind":"plain","optional":true},"limit":{"type":"number","description_kind":"plain","optional":true},"metric":{"type":"string","description_kind":"plain","required":true},"search_by":{"type":"string","description_kind":"plain","optional":true}},"description_kind":"plain"},"max_items":1},"rum_query":{"nesting_mode":"list","block":{"attributes":{"compute":{"type":["map","string"],"description_kind":"plain","optional":true},"index":{"type":"string","description_kind":"plain","required":true},"search":{"type":["map","string"],"description_kind":"plain","optional":true}},"block_types":{"group_by":{"nesting_mode":"list","block":{"attributes":{"facet":{"type":"string","description_kind":"plain","optional":true},"limit":{"type":"number","description_kind":"plain","optional":true},"sort":{"type":["map","string"],"description_kind":"plain","optional":true}},"description_kind":"plain"}},"multi_compute":{"nesting_mode":"list","block":{"attributes":{"aggregation":{"type":"string","description_kind":"plain","required":true},"facet":{"type":"string","description_kind":"plain","optional":true},"interval":{"type":"number","description_kind":"plain","optional":true}},"description_kind":"plain"}}},"description_kind":"plain"},"max_items":1},"security_query":{"nesting_mode":"list","block":{"attributes":{"compute":{"type":["map","string"],"description_kind":"plain","optional":true},"index":{"type":"string","description_kind":"plain","required":true},"search":{"type":["map","string"],"description_kind":"plain","optional":true}},"block_types":{"group_by":{"nesting_mode":"list","block":{"attributes":{"facet":{"type":"string","description_kind":"plain","optional":true},"limit":{"type":"number","description_kind":"plain","optional":true},"sort":{"type":["map","string"],"description_kind":"plain","optional":true}},"description_kind":"plain"}},"multi_compute":{"nesting_mode":"list","block":{"attributes":{"aggregation":{"type":"string","description_kind":"plain","required":true},"facet":{"type":"string","description_kind":"plain","optional":true},"interval":{"type":"number","description_kind":"plain","optional":true}},"description_kind":"plain"}}},"description_kind":"plain"},"max_items":1},"style":{"nesting_mode":"list","block":{"attributes":{"line_type":{"type":"string","description_kind":"plain","optional":true},"line_width":{"type":"string","description_kind":"plain","optional":true},"palette":{"type":"string","description_kind":"plain","optional":true}},"description_kind":"plain"},"max_items":1}},"description_kind":"plain"}},"yaxis":{"nesting_mode":"list","block":{"attributes":{"include_zero":{"type":"bool","description_kind":"plain","optional":true},"label":{"type":"string","description_kind":"plain","optional":true},"max":{"type":"string","description_kind":"plain","optional":true},"min":{"type":"string","description_kind":"plain","optional":true},"scale":{"type":"string","description_kind":"plain","optional":true}},"description_kind":"plain"},"max_items":1}},"description":"The definition for a Timeseries widget","description_kind":"plain"},"max_items":1},"toplist_definition":{"nesting_mode":"list","block":{"attributes":{"time":{"type":["map","string"],"description_kind":"plain","optional":true},"title":{"type":"string","description_kind":"plain","optional":true},"title_align":{"type":"string","description_kind":"plain","optional":true},"title_size":{"type":"string","description_kind":"plain","optional":true}},"block_types":{"request":{"nesting_mode":"list","block":{"attributes":{"q":{"type":"string","description_kind":"plain","optional":true}},"block_types":{"apm_query":{"nesting_mode":"list","block":{"attributes":{"compute":{"type":["map","string"],"description_kind":"plain","optional":true},"index":{"type":"string","description_kind":"plain","required":true},"search":{"type":["map","string"],"description_kind":"plain","optional":true}},"block_types":{"group_by":{"nesting_mode":"list","block":{"attributes":{"facet":{"type":"string","description_kind":"plain","optional":true},"limit":{"type":"number","description_kind":"plain","optional":true},"sort":{"type":["map","string"],"description_kind":"plain","optional":true}},"description_kind":"plain"}},"multi_compute":{"nesting_mode":"list","block":{"attributes":{"aggregation":{"type":"string","description_kind":"plain","required":true},"facet":{"type":"string","description_kind":"plain","optional":true},"interval":{"type":"number","description_kind":"plain","optional":true}},"description_kind":"plain"}}},"description_kind":"plain"},"max_items":1},"conditional_formats":{"nesting_mode":"list","block":{"attributes":{"comparator":{"type":"string","description_kind":"plain","required":true},"custom_bg_color":{"type":"string","description_kind":"plain","optional":true},"custom_fg_color":{"type":"string","description_kind":"plain","optional":true},"hide_value":{"type":"bool","description_kind":"plain","optional":true},"image_url":{"type":"string","description_kind":"plain","optional":true},"metric":{"type":"string","description_kind":"plain","optional":true},"palette":{"type":"string","description_kind":"plain","required":true},"timeframe":{"type":"string","description_kind":"plain","optional":true},"value":{"type":"number","description_kind":"plain","required":true}},"description_kind":"plain"}},"log_query":{"nesting_mode":"list","block":{"attributes":{"compute":{"type":["map","string"],"description_kind":"plain","optional":true},"index":{"type":"string","description_kind":"plain","required":true},"search":{"type":["map","string"],"description_kind":"plain","optional":true}},"block_types":{"group_by":{"nesting_mode":"list","block":{"attributes":{"facet":{"type":"string","description_kind":"plain","optional":true},"limit":{"type":"number","description_kind":"plain","optional":true},"sort":{"type":["map","string"],"description_kind":"plain","optional":true}},"description_kind":"plain"}},"multi_compute":{"nesting_mode":"list","block":{"attributes":{"aggregation":{"type":"string","description_kind":"plain","required":true},"facet":{"type":"string","description_kind":"plain","optional":true},"interval":{"type":"number","description_kind":"plain","optional":true}},"description_kind":"plain"}}},"description_kind":"plain"},"max_items":1},"process_query":{"nesting_mode":"list","block":{"attributes":{"filter_by":{"type":["list","string"],"description_kind":"plain","optional":true},"limit":{"type":"number","description_kind":"plain","optional":true},"metric":{"type":"string","description_kind":"plain","required":true},"search_by":{"type":"string","description_kind":"plain","optional":true}},"description_kind":"plain"},"max_items":1},"rum_query":{"nesting_mode":"list","block":{"attributes":{"compute":{"type":["map","string"],"description_kind":"plain","optional":true},"index":{"type":"string","description_kind":"plain","required":true},"search":{"type":["map","string"],"description_kind":"plain","optional":true}},"block_types":{"group_by":{"nesting_mode":"list","block":{"attributes":{"facet":{"type":"string","description_kind":"plain","optional":true},"limit":{"type":"number","description_kind":"plain","optional":true},"sort":{"type":["map","string"],"description_kind":"plain","optional":true}},"description_kind":"plain"}},"multi_compute":{"nesting_mode":"list","block":{"attributes":{"aggregation":{"type":"string","description_kind":"plain","required":true},"facet":{"type":"string","description_kind":"plain","optional":true},"interval":{"type":"number","description_kind":"plain","optional":true}},"description_kind":"plain"}}},"description_kind":"plain"},"max_items":1},"security_query":{"nesting_mode":"list","block":{"attributes":{"compute":{"type":["map","string"],"description_kind":"plain","optional":true},"index":{"type":"string","description_kind":"plain","required":true},"search":{"type":["map","string"],"description_kind":"plain","optional":true}},"block_types":{"group_by":{"nesting_mode":"list","block":{"attributes":{"facet":{"type":"string","description_kind":"plain","optional":true},"limit":{"type":"number","description_kind":"plain","optional":true},"sort":{"type":["map","string"],"description_kind":"plain","optional":true}},"description_kind":"plain"}},"multi_compute":{"nesting_mode":"list","block":{"attributes":{"aggregation":{"type":"string","description_kind":"plain","required":true},"facet":{"type":"string","description_kind":"plain","optional":true},"interval":{"type":"number","description_kind":"plain","optional":true}},"description_kind":"plain"}}},"description_kind":"plain"},"max_items":1},"style":{"nesting_mode":"list","block":{"attributes":{"palette":{"type":"string","description_kind":"plain","optional":true}},"description_kind":"plain"},"max_items":1}},"description_kind":"plain"}}},"description":"The definition for a Toplist widget","description_kind":"plain"},"max_items":1},"trace_service_definition":{"nesting_mode":"list","block":{"attributes":{"display_format":{"type":"string","description_kind":"plain","optional":true},"env":{"type":"string","description_kind":"plain","required":true},"service":{"type":"string","description_kind":"plain","required":true},"show_breakdown":{"type":"bool","description_kind":"plain","optional":true},"show_distribution":{"type":"bool","description_kind":"plain","optional":true},"show_errors":{"type":"bool","description_kind":"plain","optional":true},"show_hits":{"type":"bool","description_kind":"plain","optional":true},"show_latency":{"type":"bool","description_kind":"plain","optional":true},"show_resource_list":{"type":"bool","description_kind":"plain","optional":true},"size_format":{"type":"string","description_kind":"plain","optional":true},"span_name":{"type":"string","description_kind":"plain","required":true},"time":{"type":["map","string"],"description_kind":"plain","optional":true},"title":{"type":"string","description_kind":"plain","optional":true},"title_align":{"type":"string","description_kind":"plain","optional":true},"title_size":{"type":"string","description_kind":"plain","optional":true}},"description":"The definition for a Trace Service widget","description_kind":"plain"},"max_items":1}},"description":"The list of widgets to display on the dashboard.","description_kind":"plain"},"min_items":1}},"description_kind":"plain"}},"datadog_dashboard_list":{"version":0,"block":{"attributes":{"id":{"type":"string","description_kind":"plain","optional":true,"computed":true},"name":{"type":"string","description":"The name of the Dashboard List","description_kind":"plain","required":true}},"block_types":{"dash_item":{"nesting_mode":"set","block":{"attributes":{"dash_id":{"type":"string","description":"The ID of the dashboard to add","description_kind":"plain","required":true},"type":{"type":"string","description":"The type of this dashboard","description_kind":"plain","required":true}},"description":"A set of dashbaord items that belong to this list","description_kind":"plain"}}},"description_kind":"plain"}},"datadog_downtime":{"version":0,"block":{"attributes":{"active":{"type":"bool","description":"When true indicates this downtime is being actively applied","description_kind":"plain","optional":true},"disabled":{"type":"bool","description":"When true indicates this downtime is not being applied","description_kind":"plain","optional":true},"end":{"type":"number","description":"Optionally specify an end date when this downtime should expire","description_kind":"plain","optional":true},"end_date":{"type":"string","description_kind":"plain","optional":true},"id":{"type":"string","description_kind":"plain","optional":true,"computed":true},"message":{"type":"string","description":"An optional message to provide when creating the downtime, can include notification handles","description_kind":"plain","optional":true},"monitor_id":{"type":"number","description":"When specified, this downtime will only apply to this monitor","description_kind":"plain","optional":true},"monitor_tags":{"type":["set","string"],"description":"A list of monitor tags (up to 25), i.e. tags that are applied directly to monitors to which the downtime applies","description_kind":"plain","optional":true},"scope":{"type":["list","string"],"description":"specify the group scope to which this downtime applies. For everything use '*'","description_kind":"plain","required":true},"start":{"type":"number","description":"Specify when this downtime should start","description_kind":"plain","optional":true},"start_date":{"type":"string","description_kind":"plain","optional":true},"timezone":{"type":"string","description":"The timezone for the downtime, default UTC","description_kind":"plain","optional":true}},"block_types":{"recurrence":{"nesting_mode":"list","block":{"attributes":{"period":{"type":"number","description_kind":"plain","optional":true},"rrule":{"type":"string","description_kind":"plain","optional":true},"type":{"type":"string","description_kind":"plain","required":true},"until_date":{"type":"number","description_kind":"plain","optional":true},"until_occurrences":{"type":"number","description_kind":"plain","optional":true},"week_days":{"type":["list","string"],"description_kind":"plain","optional":true}},"description":"Optional recurring schedule for this downtime","description_kind":"plain"},"max_items":1}},"description_kind":"plain"}},"datadog_integration_aws":{"version":0,"block":{"attributes":{"account_id":{"type":"string","description_kind":"plain","required":true},"account_specific_namespace_rules":{"type":["map","bool"],"description_kind":"plain","optional":true},"excluded_regions":{"type":["list","string"],"description_kind":"plain","optional":true},"external_id":{"type":"string","description_kind":"plain","computed":true},"filter_tags":{"type":["list","string"],"description_kind":"plain","optional":true},"host_tags":{"type":["list","string"],"description_kind":"plain","optional":true},"id":{"type":"string","description_kind":"plain","optional":true,"computed":true},"role_name":{"type":"string","description_kind":"plain","required":true}},"description_kind":"plain"}},"datadog_integration_aws_lambda_arn":{"version":0,"block":{"attributes":{"account_id":{"type":"string","description_kind":"plain","required":true},"id":{"type":"string","description_kind":"plain","optional":true,"computed":true},"lambda_arn":{"type":"string","description_kind":"plain","required":true}},"description_kind":"plain"}},"datadog_integration_aws_log_collection":{"version":0,"block":{"attributes":{"account_id":{"type":"string","description_kind":"plain","required":true},"id":{"type":"string","description_kind":"plain","optional":true,"computed":true},"services":{"type":["list","string"],"description_kind":"plain","required":true}},"description_kind":"plain"}},"datadog_integration_azure":{"version":0,"block":{"attributes":{"client_id":{"type":"string","description_kind":"plain","required":true},"client_secret":{"type":"string","description_kind":"plain","required":true,"sensitive":true},"host_filters":{"type":"string","description_kind":"plain","optional":true},"id":{"type":"string","description_kind":"plain","optional":true,"computed":true},"tenant_name":{"type":"string","description_kind":"plain","required":true}},"description_kind":"plain"}},"datadog_integration_gcp":{"version":0,"block":{"attributes":{"client_email":{"type":"string","description_kind":"plain","required":true},"client_id":{"type":"string","description_kind":"plain","required":true},"host_filters":{"type":"string","description_kind":"plain","optional":true},"id":{"type":"string","description_kind":"plain","optional":true,"computed":true},"private_key":{"type":"string","description_kind":"plain","required":true,"sensitive":true},"private_key_id":{"type":"string","description_kind":"plain","required":true},"project_id":{"type":"string","description_kind":"plain","required":true}},"description_kind":"plain"}},"datadog_integration_pagerduty":{"version":0,"block":{"attributes":{"api_token":{"type":"string","description_kind":"plain","optional":true,"sensitive":true},"id":{"type":"string","description_kind":"plain","optional":true,"computed":true},"individual_services":{"type":"bool","description_kind":"plain","optional":true},"schedules":{"type":["list","string"],"description_kind":"plain","optional":true},"subdomain":{"type":"string","description_kind":"plain","required":true}},"block_types":{"services":{"nesting_mode":"list","block":{"attributes":{"service_key":{"type":"string","description_kind":"plain","required":true,"sensitive":true},"service_name":{"type":"string","description_kind":"plain","required":true}},"description":"A list of service names and service keys.","description_kind":"plain","deprecated":true}}},"description_kind":"plain","deprecated":true}},"datadog_integration_pagerduty_service_object":{"version":0,"block":{"attributes":{"id":{"type":"string","description_kind":"plain","optional":true,"computed":true},"service_key":{"type":"string","description_kind":"plain","required":true,"sensitive":true},"service_name":{"type":"string","description_kind":"plain","required":true}},"description_kind":"plain"}},"datadog_logs_archive":{"version":0,"block":{"attributes":{"azure":{"type":["map","string"],"description_kind":"plain","optional":true},"gcs":{"type":["map","string"],"description_kind":"plain","optional":true},"id":{"type":"string","description_kind":"plain","optional":true,"computed":true},"name":{"type":"string","description_kind":"plain","required":true},"query":{"type":"string","description_kind":"plain","required":true},"s3":{"type":["map","string"],"description_kind":"plain","optional":true}},"description_kind":"plain"}},"datadog_logs_custom_pipeline":{"version":0,"block":{"attributes":{"id":{"type":"string","description_kind":"plain","optional":true,"computed":true},"is_enabled":{"type":"bool","description_kind":"plain","optional":true},"name":{"type":"string","description_kind":"plain","required":true}},"block_types":{"filter":{"nesting_mode":"list","block":{"attributes":{"query":{"type":"string","description_kind":"plain","required":true}},"description_kind":"plain"},"min_items":1},"processor":{"nesting_mode":"list","block":{"block_types":{"arithmetic_processor":{"nesting_mode":"list","block":{"attributes":{"expression":{"type":"string","description_kind":"plain","required":true},"is_enabled":{"type":"bool","description_kind":"plain","optional":true},"is_replace_missing":{"type":"bool","description_kind":"plain","optional":true},"name":{"type":"string","description_kind":"plain","optional":true},"target":{"type":"string","description_kind":"plain","required":true}},"description_kind":"plain"},"max_items":1},"attribute_remapper":{"nesting_mode":"list","block":{"attributes":{"is_enabled":{"type":"bool","description_kind":"plain","optional":true},"name":{"type":"string","description_kind":"plain","optional":true},"override_on_conflict":{"type":"bool","description_kind":"plain","optional":true},"preserve_source":{"type":"bool","description_kind":"plain","optional":true},"source_type":{"type":"string","description_kind":"plain","required":true},"sources":{"type":["list","string"],"description_kind":"plain","required":true},"target":{"type":"string","description_kind":"plain","required":true},"target_type":{"type":"string","description_kind":"plain","required":true}},"description_kind":"plain"},"max_items":1},"category_processor":{"nesting_mode":"list","block":{"attributes":{"is_enabled":{"type":"bool","description_kind":"plain","optional":true},"name":{"type":"string","description_kind":"plain","optional":true},"target":{"type":"string","description_kind":"plain","required":true}},"block_types":{"category":{"nesting_mode":"list","block":{"attributes":{"name":{"type":"string","description_kind":"plain","required":true}},"block_types":{"filter":{"nesting_mode":"list","block":{"attributes":{"query":{"type":"string","description_kind":"plain","required":true}},"description_kind":"plain"},"min_items":1,"max_items":1}},"description_kind":"plain"},"min_items":1}},"description_kind":"plain"},"max_items":1},"date_remapper":{"nesting_mode":"list","block":{"attributes":{"is_enabled":{"type":"bool","description_kind":"plain","optional":true},"name":{"type":"string","description_kind":"plain","optional":true},"sources":{"type":["list","string"],"description_kind":"plain","required":true}},"description_kind":"plain"},"max_items":1},"geo_ip_parser":{"nesting_mode":"list","block":{"attributes":{"is_enabled":{"type":"bool","description_kind":"plain","optional":true},"name":{"type":"string","description_kind":"plain","optional":true},"sources":{"type":["list","string"],"description_kind":"plain","required":true},"target":{"type":"string","description_kind":"plain","required":true}},"description_kind":"plain"},"max_items":1},"grok_parser":{"nesting_mode":"list","block":{"attributes":{"is_enabled":{"type":"bool","description_kind":"plain","optional":true},"name":{"type":"string","description_kind":"plain","optional":true},"samples":{"type":["list","string"],"description_kind":"plain","optional":true},"source":{"type":"string","description_kind":"plain","required":true}},"block_types":{"grok":{"nesting_mode":"list","block":{"attributes":{"match_rules":{"type":"string","description_kind":"plain","required":true},"support_rules":{"type":"string","description_kind":"plain","required":true}},"description_kind":"plain"},"min_items":1,"max_items":1}},"description_kind":"plain"},"max_items":1},"lookup_processor":{"nesting_mode":"list","block":{"attributes":{"default_lookup":{"type":"string","description_kind":"plain","optional":true},"is_enabled":{"type":"bool","description_kind":"plain","optional":true},"lookup_table":{"type":["list","string"],"description_kind":"plain","required":true},"name":{"type":"string","description_kind":"plain","optional":true},"source":{"type":"string","description_kind":"plain","required":true},"target":{"type":"string","description_kind":"plain","required":true}},"description_kind":"plain"},"max_items":1},"message_remapper":{"nesting_mode":"list","block":{"attributes":{"is_enabled":{"type":"bool","description_kind":"plain","optional":true},"name":{"type":"string","description_kind":"plain","optional":true},"sources":{"type":["list","string"],"description_kind":"plain","required":true}},"description_kind":"plain"},"max_items":1},"pipeline":{"nesting_mode":"list","block":{"attributes":{"is_enabled":{"type":"bool","description_kind":"plain","optional":true},"name":{"type":"string","description_kind":"plain","required":true}},"block_types":{"filter":{"nesting_mode":"list","block":{"attributes":{"query":{"type":"string","description_kind":"plain","required":true}},"description_kind":"plain"},"min_items":1},"processor":{"nesting_mode":"list","block":{"block_types":{"arithmetic_processor":{"nesting_mode":"list","block":{"attributes":{"expression":{"type":"string","description_kind":"plain","required":true},"is_enabled":{"type":"bool","description_kind":"plain","optional":true},"is_replace_missing":{"type":"bool","description_kind":"plain","optional":true},"name":{"type":"string","description_kind":"plain","optional":true},"target":{"type":"string","description_kind":"plain","required":true}},"description_kind":"plain"},"max_items":1},"attribute_remapper":{"nesting_mode":"list","block":{"attributes":{"is_enabled":{"type":"bool","description_kind":"plain","optional":true},"name":{"type":"string","description_kind":"plain","optional":true},"override_on_conflict":{"type":"bool","description_kind":"plain","optional":true},"preserve_source":{"type":"bool","description_kind":"plain","optional":true},"source_type":{"type":"string","description_kind":"plain","required":true},"sources":{"type":["list","string"],"description_kind":"plain","required":true},"target":{"type":"string","description_kind":"plain","required":true},"target_type":{"type":"string","description_kind":"plain","required":true}},"description_kind":"plain"},"max_items":1},"category_processor":{"nesting_mode":"list","block":{"attributes":{"is_enabled":{"type":"bool","description_kind":"plain","optional":true},"name":{"type":"string","description_kind":"plain","optional":true},"target":{"type":"string","description_kind":"plain","required":true}},"block_types":{"category":{"nesting_mode":"list","block":{"attributes":{"name":{"type":"string","description_kind":"plain","required":true}},"block_types":{"filter":{"nesting_mode":"list","block":{"attributes":{"query":{"type":"string","description_kind":"plain","required":true}},"description_kind":"plain"},"min_items":1,"max_items":1}},"description_kind":"plain"},"min_items":1}},"description_kind":"plain"},"max_items":1},"date_remapper":{"nesting_mode":"list","block":{"attributes":{"is_enabled":{"type":"bool","description_kind":"plain","optional":true},"name":{"type":"string","description_kind":"plain","optional":true},"sources":{"type":["list","string"],"description_kind":"plain","required":true}},"description_kind":"plain"},"max_items":1},"geo_ip_parser":{"nesting_mode":"list","block":{"attributes":{"is_enabled":{"type":"bool","description_kind":"plain","optional":true},"name":{"type":"string","description_kind":"plain","optional":true},"sources":{"type":["list","string"],"description_kind":"plain","required":true},"target":{"type":"string","description_kind":"plain","required":true}},"description_kind":"plain"},"max_items":1},"grok_parser":{"nesting_mode":"list","block":{"attributes":{"is_enabled":{"type":"bool","description_kind":"plain","optional":true},"name":{"type":"string","description_kind":"plain","optional":true},"samples":{"type":["list","string"],"description_kind":"plain","optional":true},"source":{"type":"string","description_kind":"plain","required":true}},"block_types":{"grok":{"nesting_mode":"list","block":{"attributes":{"match_rules":{"type":"string","description_kind":"plain","required":true},"support_rules":{"type":"string","description_kind":"plain","required":true}},"description_kind":"plain"},"min_items":1,"max_items":1}},"description_kind":"plain"},"max_items":1},"lookup_processor":{"nesting_mode":"list","block":{"attributes":{"default_lookup":{"type":"string","description_kind":"plain","optional":true},"is_enabled":{"type":"bool","description_kind":"plain","optional":true},"lookup_table":{"type":["list","string"],"description_kind":"plain","required":true},"name":{"type":"string","description_kind":"plain","optional":true},"source":{"type":"string","description_kind":"plain","required":true},"target":{"type":"string","description_kind":"plain","required":true}},"description_kind":"plain"},"max_items":1},"message_remapper":{"nesting_mode":"list","block":{"attributes":{"is_enabled":{"type":"bool","description_kind":"plain","optional":true},"name":{"type":"string","description_kind":"plain","optional":true},"sources":{"type":["list","string"],"description_kind":"plain","required":true}},"description_kind":"plain"},"max_items":1},"service_remapper":{"nesting_mode":"list","block":{"attributes":{"is_enabled":{"type":"bool","description_kind":"plain","optional":true},"name":{"type":"string","description_kind":"plain","optional":true},"sources":{"type":["list","string"],"description_kind":"plain","required":true}},"description_kind":"plain"},"max_items":1},"status_remapper":{"nesting_mode":"list","block":{"attributes":{"is_enabled":{"type":"bool","description_kind":"plain","optional":true},"name":{"type":"string","description_kind":"plain","optional":true},"sources":{"type":["list","string"],"description_kind":"plain","required":true}},"description_kind":"plain"},"max_items":1},"string_builder_processor":{"nesting_mode":"list","block":{"attributes":{"is_enabled":{"type":"bool","description_kind":"plain","optional":true},"is_replace_missing":{"type":"bool","description_kind":"plain","optional":true},"name":{"type":"string","description_kind":"plain","optional":true},"target":{"type":"string","description_kind":"plain","required":true},"template":{"type":"string","description_kind":"plain","required":true}},"description_kind":"plain"},"max_items":1},"trace_id_remapper":{"nesting_mode":"list","block":{"attributes":{"is_enabled":{"type":"bool","description_kind":"plain","optional":true},"name":{"type":"string","description_kind":"plain","optional":true},"sources":{"type":["list","string"],"description_kind":"plain","required":true}},"description_kind":"plain"},"max_items":1},"url_parser":{"nesting_mode":"list","block":{"attributes":{"is_enabled":{"type":"bool","description_kind":"plain","optional":true},"name":{"type":"string","description_kind":"plain","optional":true},"normalize_ending_slashes":{"type":"bool","description_kind":"plain","optional":true},"sources":{"type":["list","string"],"description_kind":"plain","required":true},"target":{"type":"string","description_kind":"plain","required":true}},"description_kind":"plain"},"max_items":1},"user_agent_parser":{"nesting_mode":"list","block":{"attributes":{"is_enabled":{"type":"bool","description_kind":"plain","optional":true},"is_encoded":{"type":"bool","description_kind":"plain","optional":true},"name":{"type":"string","description_kind":"plain","optional":true},"sources":{"type":["list","string"],"description_kind":"plain","required":true},"target":{"type":"string","description_kind":"plain","required":true}},"description_kind":"plain"},"max_items":1}},"description_kind":"plain"}}},"description_kind":"plain"},"max_items":1},"service_remapper":{"nesting_mode":"list","block":{"attributes":{"is_enabled":{"type":"bool","description_kind":"plain","optional":true},"name":{"type":"string","description_kind":"plain","optional":true},"sources":{"type":["list","string"],"description_kind":"plain","required":true}},"description_kind":"plain"},"max_items":1},"status_remapper":{"nesting_mode":"list","block":{"attributes":{"is_enabled":{"type":"bool","description_kind":"plain","optional":true},"name":{"type":"string","description_kind":"plain","optional":true},"sources":{"type":["list","string"],"description_kind":"plain","required":true}},"description_kind":"plain"},"max_items":1},"string_builder_processor":{"nesting_mode":"list","block":{"attributes":{"is_enabled":{"type":"bool","description_kind":"plain","optional":true},"is_replace_missing":{"type":"bool","description_kind":"plain","optional":true},"name":{"type":"string","description_kind":"plain","optional":true},"target":{"type":"string","description_kind":"plain","required":true},"template":{"type":"string","description_kind":"plain","required":true}},"description_kind":"plain"},"max_items":1},"trace_id_remapper":{"nesting_mode":"list","block":{"attributes":{"is_enabled":{"type":"bool","description_kind":"plain","optional":true},"name":{"type":"string","description_kind":"plain","optional":true},"sources":{"type":["list","string"],"description_kind":"plain","required":true}},"description_kind":"plain"},"max_items":1},"url_parser":{"nesting_mode":"list","block":{"attributes":{"is_enabled":{"type":"bool","description_kind":"plain","optional":true},"name":{"type":"string","description_kind":"plain","optional":true},"normalize_ending_slashes":{"type":"bool","description_kind":"plain","optional":true},"sources":{"type":["list","string"],"description_kind":"plain","required":true},"target":{"type":"string","description_kind":"plain","required":true}},"description_kind":"plain"},"max_items":1},"user_agent_parser":{"nesting_mode":"list","block":{"attributes":{"is_enabled":{"type":"bool","description_kind":"plain","optional":true},"is_encoded":{"type":"bool","description_kind":"plain","optional":true},"name":{"type":"string","description_kind":"plain","optional":true},"sources":{"type":["list","string"],"description_kind":"plain","required":true},"target":{"type":"string","description_kind":"plain","required":true}},"description_kind":"plain"},"max_items":1}},"description_kind":"plain"}}},"description_kind":"plain"}},"datadog_logs_index":{"version":0,"block":{"attributes":{"id":{"type":"string","description_kind":"plain","optional":true,"computed":true},"name":{"type":"string","description_kind":"plain","required":true}},"block_types":{"exclusion_filter":{"nesting_mode":"list","block":{"attributes":{"is_enabled":{"type":"bool","description_kind":"plain","optional":true},"name":{"type":"string","description_kind":"plain","optional":true}},"block_types":{"filter":{"nesting_mode":"list","block":{"attributes":{"query":{"type":"string","description_kind":"plain","optional":true},"sample_rate":{"type":"number","description_kind":"plain","optional":true}},"description_kind":"plain"}}},"description_kind":"plain"}},"filter":{"nesting_mode":"list","block":{"attributes":{"query":{"type":"string","description_kind":"plain","required":true}},"description_kind":"plain"},"min_items":1}},"description_kind":"plain"}},"datadog_logs_index_order":{"version":0,"block":{"attributes":{"id":{"type":"string","description_kind":"plain","optional":true,"computed":true},"indexes":{"type":["list","string"],"description_kind":"plain","required":true},"name":{"type":"string","description_kind":"plain","required":true}},"description_kind":"plain"}},"datadog_logs_integration_pipeline":{"version":0,"block":{"attributes":{"id":{"type":"string","description_kind":"plain","optional":true,"computed":true},"is_enabled":{"type":"bool","description_kind":"plain","optional":true}},"description_kind":"plain"}},"datadog_logs_pipeline_order":{"version":0,"block":{"attributes":{"id":{"type":"string","description_kind":"plain","optional":true,"computed":true},"name":{"type":"string","description_kind":"plain","required":true},"pipelines":{"type":["list","string"],"description_kind":"plain","required":true}},"description_kind":"plain"}},"datadog_metric_metadata":{"version":0,"block":{"attributes":{"description":{"type":"string","description_kind":"plain","optional":true},"id":{"type":"string","description_kind":"plain","optional":true,"computed":true},"metric":{"type":"string","description_kind":"plain","required":true},"per_unit":{"type":"string","description_kind":"plain","optional":true},"short_name":{"type":"string","description_kind":"plain","optional":true},"statsd_interval":{"type":"number","description_kind":"plain","optional":true},"type":{"type":"string","description_kind":"plain","optional":true},"unit":{"type":"string","description_kind":"plain","optional":true}},"description_kind":"plain"}},"datadog_monitor":{"version":0,"block":{"attributes":{"enable_logs_sample":{"type":"bool","description_kind":"plain","optional":true},"escalation_message":{"type":"string","description_kind":"plain","optional":true},"evaluation_delay":{"type":"number","description_kind":"plain","optional":true,"computed":true},"force_delete":{"type":"bool","description_kind":"plain","optional":true},"id":{"type":"string","description_kind":"plain","optional":true,"computed":true},"include_tags":{"type":"bool","description_kind":"plain","optional":true},"locked":{"type":"bool","description_kind":"plain","optional":true},"message":{"type":"string","description_kind":"plain","required":true},"name":{"type":"string","description_kind":"plain","required":true},"new_host_delay":{"type":"number","description_kind":"plain","optional":true},"no_data_timeframe":{"type":"number","description_kind":"plain","optional":true},"notify_audit":{"type":"bool","description_kind":"plain","optional":true},"notify_no_data":{"type":"bool","description_kind":"plain","optional":true},"query":{"type":"string","description_kind":"plain","required":true},"renotify_interval":{"type":"number","description_kind":"plain","optional":true},"require_full_window":{"type":"bool","description_kind":"plain","optional":true},"silenced":{"type":["map","number"],"description_kind":"plain","deprecated":true,"optional":true},"tags":{"type":["set","string"],"description_kind":"plain","optional":true},"threshold_windows":{"type":["map","string"],"description_kind":"plain","optional":true},"thresholds":{"type":["map","string"],"description_kind":"plain","optional":true},"timeout_h":{"type":"number","description_kind":"plain","optional":true},"type":{"type":"string","description_kind":"plain","required":true},"validate":{"type":"bool","description_kind":"plain","optional":true}},"description_kind":"plain"}},"datadog_screenboard":{"version":0,"block":{"attributes":{"height":{"type":"string","description":"Height of the screenboard","description_kind":"plain","optional":true},"id":{"type":"string","description_kind":"plain","optional":true,"computed":true},"read_only":{"type":"bool","description_kind":"plain","optional":true},"shared":{"type":"bool","description":"Whether the screenboard is shared or not","description_kind":"plain","optional":true},"title":{"type":"string","description":"Name of the screenboard","description_kind":"plain","required":true},"width":{"type":"string","description":"Width of the screenboard","description_kind":"plain","optional":true}},"block_types":{"template_variable":{"nesting_mode":"list","block":{"attributes":{"default":{"type":"string","description":"The default value for the template variable on dashboard load.","description_kind":"plain","optional":true},"name":{"type":"string","description":"The name of the variable.","description_kind":"plain","required":true},"prefix":{"type":"string","description":"The tag prefix associated with the variable. Only tags with this prefix will appear in the variable dropdown.","description_kind":"plain","optional":true}},"description":"A list of template variables for using Dashboard templating.","description_kind":"plain"}},"widget":{"nesting_mode":"list","block":{"attributes":{"alert_id":{"type":"number","description_kind":"plain","optional":true},"auto_refresh":{"type":"bool","description_kind":"plain","optional":true},"bgcolor":{"type":"string","description_kind":"plain","optional":true},"check":{"type":"string","description_kind":"plain","optional":true},"color":{"type":"string","description_kind":"plain","optional":true},"color_preference":{"type":"string","description":"One of: ['background', 'text']","description_kind":"plain","optional":true},"columns":{"type":"string","description_kind":"plain","optional":true},"display_format":{"type":"string","description":"One of: ['counts', 'list', 'countsAndList']","description_kind":"plain","optional":true},"env":{"type":"string","description_kind":"plain","optional":true},"event_size":{"type":"string","description_kind":"plain","optional":true},"font_size":{"type":"string","description_kind":"plain","optional":true},"group":{"type":"string","description_kind":"plain","optional":true},"group_by":{"type":["list","string"],"description_kind":"plain","optional":true},"grouping":{"type":"string","description":"One of: ['cluster', 'check']","description_kind":"plain","optional":true},"height":{"type":"number","description":"The height of the widget.","description_kind":"plain","optional":true},"hide_zero_counts":{"type":"bool","description_kind":"plain","optional":true},"html":{"type":"string","description_kind":"plain","optional":true},"layout_version":{"type":"string","description_kind":"plain","optional":true},"legend":{"type":"bool","description_kind":"plain","optional":true},"legend_size":{"type":"string","description_kind":"plain","optional":true},"logset":{"type":"string","description_kind":"plain","optional":true},"manage_status_show_title":{"type":"bool","description_kind":"plain","optional":true},"manage_status_title_align":{"type":"string","description_kind":"plain","optional":true},"manage_status_title_size":{"type":"string","description_kind":"plain","optional":true},"manage_status_title_text":{"type":"string","description_kind":"plain","optional":true},"margin":{"type":"string","description":"One of: ['small', 'large']","description_kind":"plain","optional":true},"monitor":{"type":["map","string"],"description_kind":"plain","optional":true},"must_show_breakdown":{"type":"bool","description_kind":"plain","optional":true},"must_show_distribution":{"type":"bool","description_kind":"plain","optional":true},"must_show_errors":{"type":"bool","description_kind":"plain","optional":true},"must_show_hits":{"type":"bool","description_kind":"plain","optional":true},"must_show_latency":{"type":"bool","description_kind":"plain","optional":true},"must_show_resource_list":{"type":"bool","description_kind":"plain","optional":true},"params":{"type":["map","string"],"description_kind":"plain","optional":true},"precision":{"type":"string","description_kind":"plain","optional":true},"query":{"type":"string","description_kind":"plain","optional":true},"service_name":{"type":"string","description_kind":"plain","optional":true},"service_service":{"type":"string","description_kind":"plain","optional":true},"show_last_triggered":{"type":"bool","description_kind":"plain","optional":true},"size_version":{"type":"string","description_kind":"plain","optional":true},"sizing":{"type":"string","description":"One of: ['center', 'zoom', 'fit']","description_kind":"plain","optional":true},"summary_type":{"type":"string","description":"One of: ['monitors', 'groups', 'combined']","description_kind":"plain","optional":true},"tags":{"type":["list","string"],"description_kind":"plain","optional":true},"text":{"type":"string","description":"For widgets of type 'free_text', the text to use.","description_kind":"plain","optional":true},"text_align":{"type":"string","description_kind":"plain","optional":true},"text_size":{"type":"string","description_kind":"plain","optional":true},"tick":{"type":"bool","description_kind":"plain","optional":true},"tick_edge":{"type":"string","description_kind":"plain","optional":true},"tick_pos":{"type":"string","description_kind":"plain","optional":true},"time":{"type":["map","string"],"description_kind":"plain","optional":true},"timeframes":{"type":["list","string"],"description_kind":"plain","optional":true},"title":{"type":"string","description":"The name of the widget.","description_kind":"plain","optional":true},"title_align":{"type":"string","description":"The alignment of the widget's title.","description_kind":"plain","optional":true},"title_size":{"type":"number","description":"The size of the widget's title.","description_kind":"plain","optional":true},"type":{"type":"string","description":"The type of the widget. One of [ 'free_text', 'timeseries', 'query_value', 'toplist', 'change', 'event_timeline', 'event_stream', 'image', 'note', 'alert_graph', 'alert_value', 'iframe', 'check_status', 'trace_service', 'hostmap', 'manage_status', 'log_stream', 'uptime', 'process']","description_kind":"plain","required":true},"unit":{"type":"string","description_kind":"plain","optional":true},"url":{"type":"string","description_kind":"plain","optional":true},"viz_type":{"type":"string","description":"One of: ['timeseries', 'toplist']","description_kind":"plain","optional":true},"width":{"type":"number","description":"The width of the widget.","description_kind":"plain","optional":true},"x":{"type":"number","description":"The position of the widget on the x axis.","description_kind":"plain","required":true},"y":{"type":"number","description":"The position of the widget on the y axis.","description_kind":"plain","required":true}},"block_types":{"rule":{"nesting_mode":"list","block":{"attributes":{"color":{"type":"string","description_kind":"plain","optional":true},"threshold":{"type":"number","description_kind":"plain","optional":true},"timeframe":{"type":"string","description_kind":"plain","optional":true}},"description_kind":"plain"}},"tile_def":{"nesting_mode":"list","block":{"attributes":{"autoscale":{"type":"bool","description_kind":"plain","optional":true},"custom_unit":{"type":"string","description_kind":"plain","optional":true},"group":{"type":["list","string"],"description_kind":"plain","optional":true},"no_group_hosts":{"type":"bool","description_kind":"plain","optional":true},"no_metric_hosts":{"type":"bool","description_kind":"plain","optional":true},"node_type":{"type":"string","description":"One of: ['host', 'container']","description_kind":"plain","optional":true},"precision":{"type":"string","description_kind":"plain","optional":true},"scope":{"type":["list","string"],"description_kind":"plain","optional":true},"style":{"type":["map","string"],"description_kind":"plain","optional":true},"text_align":{"type":"string","description_kind":"plain","optional":true},"viz":{"type":"string","description_kind":"plain","required":true}},"block_types":{"event":{"nesting_mode":"list","block":{"attributes":{"q":{"type":"string","description_kind":"plain","required":true}},"description_kind":"plain"}},"marker":{"nesting_mode":"list","block":{"attributes":{"label":{"type":"string","description_kind":"plain","optional":true},"type":{"type":"string","description_kind":"plain","required":true},"value":{"type":"string","description_kind":"plain","required":true}},"description_kind":"plain"}},"request":{"nesting_mode":"list","block":{"attributes":{"aggregator":{"type":"string","description_kind":"plain","optional":true},"change_type":{"type":"string","description_kind":"plain","optional":true},"compare_to":{"type":"string","description_kind":"plain","optional":true},"extra_col":{"type":"string","description_kind":"plain","optional":true},"increase_good":{"type":"bool","description_kind":"plain","optional":true},"limit":{"type":"number","description_kind":"plain","optional":true},"metadata_json":{"type":"string","description_kind":"plain","optional":true},"metric":{"type":"string","description_kind":"plain","optional":true},"order_by":{"type":"string","description_kind":"plain","optional":true},"order_dir":{"type":"string","description_kind":"plain","optional":true},"q":{"type":"string","description_kind":"plain","optional":true},"query_type":{"type":"string","description_kind":"plain","optional":true},"style":{"type":["map","string"],"description_kind":"plain","optional":true},"tag_filters":{"type":["list","string"],"description_kind":"plain","optional":true},"text_filter":{"type":"string","description_kind":"plain","optional":true},"type":{"type":"string","description_kind":"plain","optional":true}},"block_types":{"apm_query":{"nesting_mode":"list","block":{"attributes":{"index":{"type":"string","description_kind":"plain","required":true}},"block_types":{"compute":{"nesting_mode":"list","block":{"attributes":{"aggregation":{"type":"string","description_kind":"plain","required":true},"facet":{"type":"string","description_kind":"plain","optional":true},"interval":{"type":"string","description_kind":"plain","optional":true}},"description_kind":"plain"},"min_items":1,"max_items":1},"group_by":{"nesting_mode":"list","block":{"attributes":{"facet":{"type":"string","description_kind":"plain","required":true},"limit":{"type":"number","description_kind":"plain","optional":true}},"block_types":{"sort":{"nesting_mode":"list","block":{"attributes":{"aggregation":{"type":"string","description_kind":"plain","required":true},"facet":{"type":"string","description_kind":"plain","optional":true},"order":{"type":"string","description_kind":"plain","required":true}},"description_kind":"plain"},"max_items":1}},"description_kind":"plain"}},"search":{"nesting_mode":"list","block":{"attributes":{"query":{"type":"string","description_kind":"plain","required":true}},"description_kind":"plain"},"max_items":1}},"description_kind":"plain"},"max_items":1},"conditional_format":{"nesting_mode":"list","block":{"attributes":{"color":{"type":"string","description":"Custom color (e.g., #205081)","description_kind":"plain","optional":true},"comparator":{"type":"string","description":"Comparator (\u003c, \u003e, etc)","description_kind":"plain","required":true},"custom_bg_color":{"type":"string","description":"Custom  background color (e.g., #205081)","description_kind":"plain","optional":true},"invert":{"type":"bool","description_kind":"plain","optional":true},"palette":{"type":"string","description":"The palette to use if this condition is met.","description_kind":"plain","optional":true},"value":{"type":"string","description":"Value that is threshold for conditional format","description_kind":"plain","optional":true}},"description":"A list of conditional formatting rules.","description_kind":"plain"}},"log_query":{"nesting_mode":"list","block":{"attributes":{"index":{"type":"string","description_kind":"plain","required":true}},"block_types":{"compute":{"nesting_mode":"list","block":{"attributes":{"aggregation":{"type":"string","description_kind":"plain","required":true},"facet":{"type":"string","description_kind":"plain","optional":true},"interval":{"type":"string","description_kind":"plain","optional":true}},"description_kind":"plain"},"min_items":1,"max_items":1},"group_by":{"nesting_mode":"list","block":{"attributes":{"facet":{"type":"string","description_kind":"plain","required":true},"limit":{"type":"number","description_kind":"plain","optional":true}},"block_types":{"sort":{"nesting_mode":"list","block":{"attributes":{"aggregation":{"type":"string","description_kind":"plain","required":true},"facet":{"type":"string","description_kind":"plain","optional":true},"order":{"type":"string","description_kind":"plain","required":true}},"description_kind":"plain"},"max_items":1}},"description_kind":"plain"}},"search":{"nesting_mode":"list","block":{"attributes":{"query":{"type":"string","description_kind":"plain","required":true}},"description_kind":"plain"},"max_items":1}},"description_kind":"plain"},"max_items":1},"process_query":{"nesting_mode":"list","block":{"attributes":{"filter_by":{"type":["list","string"],"description_kind":"plain","optional":true},"limit":{"type":"number","description_kind":"plain","optional":true},"metric":{"type":"string","description_kind":"plain","required":true},"search_by":{"type":"string","description_kind":"plain","optional":true}},"description_kind":"plain"},"max_items":1}},"description_kind":"plain"},"min_items":1}},"description_kind":"plain"}}},"description":"A list of widget definitions.","description_kind":"plain"},"min_items":1}},"description_kind":"plain","deprecated":true}},"datadog_service_level_objective":{"version":0,"block":{"attributes":{"description":{"type":"string","description_kind":"plain","optional":true},"groups":{"type":["set","string"],"description":"A static set of groups to filter monitor-based SLOs","description_kind":"plain","optional":true},"id":{"type":"string","description_kind":"plain","optional":true,"computed":true},"monitor_ids":{"type":["set","number"],"description":"A static set of monitor IDs to use as part of the SLO","description_kind":"plain","optional":true},"monitor_search":{"type":"string","description_kind":"plain","optional":true,"computed":true},"name":{"type":"string","description_kind":"plain","required":true},"tags":{"type":["set","string"],"description_kind":"plain","optional":true},"type":{"type":"string","description_kind":"plain","required":true}},"block_types":{"query":{"nesting_mode":"list","block":{"attributes":{"denominator":{"type":"string","description_kind":"plain","required":true},"numerator":{"type":"string","description_kind":"plain","required":true}},"description":"The metric query of good / total events","description_kind":"plain"},"max_items":1},"thresholds":{"nesting_mode":"list","block":{"attributes":{"target":{"type":"number","description_kind":"plain","required":true},"target_display":{"type":"string","description_kind":"plain","optional":true},"timeframe":{"type":"string","description_kind":"plain","required":true},"warning":{"type":"number","description_kind":"plain","optional":true},"warning_display":{"type":"string","description_kind":"plain","optional":true}},"description_kind":"plain"},"min_items":1}},"description_kind":"plain"}},"datadog_synthetics_test":{"version":0,"block":{"attributes":{"assertions":{"type":["list",["map","string"]],"description_kind":"plain","deprecated":true,"optional":true},"device_ids":{"type":["list","string"],"description_kind":"plain","optional":true},"id":{"type":"string","description_kind":"plain","optional":true,"computed":true},"locations":{"type":["list","string"],"description_kind":"plain","required":true},"message":{"type":"string","description_kind":"plain","optional":true},"monitor_id":{"type":"number","description_kind":"plain","computed":true},"name":{"type":"string","description_kind":"plain","required":true},"options":{"type":["map","string"],"description_kind":"plain","deprecated":true,"optional":true},"request":{"type":["map","string"],"description_kind":"plain","required":true},"request_headers":{"type":["map","string"],"description_kind":"plain","optional":true},"request_query":{"type":["map","string"],"description_kind":"plain","optional":true},"status":{"type":"string","description_kind":"plain","required":true},"subtype":{"type":"string","description_kind":"plain","optional":true},"tags":{"type":["list","string"],"description_kind":"plain","required":true},"type":{"type":"string","description_kind":"plain","required":true}},"block_types":{"assertion":{"nesting_mode":"list","block":{"attributes":{"operator":{"type":"string","description_kind":"plain","required":true},"property":{"type":"string","description_kind":"plain","optional":true},"target":{"type":"string","description_kind":"plain","optional":true},"type":{"type":"string","description_kind":"plain","required":true}},"block_types":{"targetjsonpath":{"nesting_mode":"list","block":{"attributes":{"jsonpath":{"type":"string","description_kind":"plain","required":true},"operator":{"type":"string","description_kind":"plain","required":true},"targetvalue":{"type":"string","description_kind":"plain","required":true}},"description_kind":"plain"},"max_items":1}},"description_kind":"plain"}},"options_list":{"nesting_mode":"list","block":{"attributes":{"accept_self_signed":{"type":"bool","description_kind":"plain","optional":true},"allow_insecure":{"type":"bool","description_kind":"plain","optional":true},"follow_redirects":{"type":"bool","description_kind":"plain","optional":true},"min_failure_duration":{"type":"number","description_kind":"plain","optional":true},"min_location_failed":{"type":"number","description_kind":"plain","optional":true},"tick_every":{"type":"number","description_kind":"plain","optional":true}},"block_types":{"monitor_options":{"nesting_mode":"list","block":{"attributes":{"renotify_interval":{"type":"number","description_kind":"plain","optional":true}},"description_kind":"plain"},"max_items":1},"retry":{"nesting_mode":"list","block":{"attributes":{"count":{"type":"number","description_kind":"plain","optional":true},"interval":{"type":"number","description_kind":"plain","optional":true}},"description_kind":"plain"},"max_items":1}},"description_kind":"plain"},"max_items":1},"request_basicauth":{"nesting_mode":"list","block":{"attributes":{"password":{"type":"string","description_kind":"plain","required":true,"sensitive":true},"username":{"type":"string","description_kind":"plain","required":true}},"description_kind":"plain"},"max_items":1},"step":{"nesting_mode":"list","block":{"attributes":{"allow_failure":{"type":"bool","description_kind":"plain","optional":true},"name":{"type":"string","description_kind":"plain","required":true},"params":{"type":"string","description_kind":"plain","required":true},"timeout":{"type":"number","description_kind":"plain","optional":true},"type":{"type":"string","description_kind":"plain","required":true}},"description_kind":"plain"}}},"description_kind":"plain"}},"datadog_timeboard":{"version":0,"block":{"attributes":{"description":{"type":"string","description":"A description of the dashboard's content.","description_kind":"plain","required":true},"id":{"type":"string","description_kind":"plain","optional":true,"computed":true},"read_only":{"type":"bool","description_kind":"plain","optional":true},"title":{"type":"string","description":"The name of the dashboard.","description_kind":"plain","required":true}},"block_types":{"graph":{"nesting_mode":"list","block":{"attributes":{"autoscale":{"type":"bool","description":"Automatically scale graphs","description_kind":"plain","optional":true},"custom_unit":{"type":"string","description":"Use a custom unit (like 'users')","description_kind":"plain","optional":true},"events":{"type":["list","string"],"description":"Filter for events to be overlayed on the graph.","description_kind":"plain","optional":true},"group":{"type":["list","string"],"description":"A list of groupings for hostmap type graphs.","description_kind":"plain","optional":true},"include_no_metric_hosts":{"type":"bool","description":"Include hosts without metrics in hostmap graphs","description_kind":"plain","optional":true},"include_ungrouped_hosts":{"type":"bool","description":"Include ungrouped hosts in hostmap graphs","description_kind":"plain","optional":true},"node_type":{"type":"string","description":"Type of nodes to show in hostmap graphs (either 'host' or 'container').","description_kind":"plain","optional":true},"precision":{"type":"string","description":"How many digits to show","description_kind":"plain","optional":true},"scope":{"type":["list","string"],"description":"A list of scope filters for hostmap type graphs.","description_kind":"plain","optional":true},"style":{"type":["map","string"],"description_kind":"plain","optional":true},"text_align":{"type":"string","description":"How to align text","description_kind":"plain","optional":true},"title":{"type":"string","description":"The name of the graph.","description_kind":"plain","required":true},"viz":{"type":"string","description_kind":"plain","required":true},"yaxis":{"type":["map","string"],"description_kind":"plain","optional":true}},"block_types":{"marker":{"nesting_mode":"list","block":{"attributes":{"label":{"type":"string","description_kind":"plain","optional":true},"type":{"type":"string","description_kind":"plain","required":true},"value":{"type":"string","description_kind":"plain","required":true}},"description_kind":"plain"}},"request":{"nesting_mode":"list","block":{"attributes":{"aggregator":{"type":"string","description_kind":"plain","optional":true},"change_type":{"type":"string","description":"Type of change for change graphs.","description_kind":"plain","optional":true},"compare_to":{"type":"string","description":"The time period to compare change against in change graphs.","description_kind":"plain","optional":true},"extra_col":{"type":"string","description":"If set to 'present', this will include the present values in change graphs.","description_kind":"plain","optional":true},"increase_good":{"type":"bool","description":"Decides whether to represent increases as good or bad in change graphs.","description_kind":"plain","optional":true},"metadata_json":{"type":"string","description_kind":"plain","optional":true},"order_by":{"type":"string","description":"The field a change graph will be ordered by.","description_kind":"plain","optional":true},"order_direction":{"type":"string","description":"Sort change graph in ascending or descending order.","description_kind":"plain","optional":true},"q":{"type":"string","description_kind":"plain","optional":true},"stacked":{"type":"bool","description_kind":"plain","optional":true},"style":{"type":["map","string"],"description_kind":"plain","optional":true},"type":{"type":"string","description_kind":"plain","optional":true}},"block_types":{"apm_query":{"nesting_mode":"list","block":{"attributes":{"index":{"type":"string","description_kind":"plain","required":true}},"block_types":{"compute":{"nesting_mode":"list","block":{"attributes":{"aggregation":{"type":"string","description_kind":"plain","required":true},"facet":{"type":"string","description_kind":"plain","optional":true},"interval":{"type":"number","description_kind":"plain","optional":true}},"description_kind":"plain"},"min_items":1,"max_items":1},"group_by":{"nesting_mode":"list","block":{"attributes":{"facet":{"type":"string","description_kind":"plain","required":true},"limit":{"type":"number","description_kind":"plain","optional":true}},"block_types":{"sort":{"nesting_mode":"list","block":{"attributes":{"aggregation":{"type":"string","description_kind":"plain","required":true},"facet":{"type":"string","description_kind":"plain","optional":true},"order":{"type":"string","description_kind":"plain","required":true}},"description_kind":"plain"},"max_items":1}},"description_kind":"plain"}},"search":{"nesting_mode":"list","block":{"attributes":{"query":{"type":"string","description_kind":"plain","required":true}},"description_kind":"plain"},"max_items":1}},"description_kind":"plain"},"max_items":1},"conditional_format":{"nesting_mode":"list","block":{"attributes":{"comparator":{"type":"string","description":"Comparator (\u003c, \u003e, etc)","description_kind":"plain","required":true},"custom_bg_color":{"type":"string","description":"Custom background color (e.g., #205081)","description_kind":"plain","optional":true},"custom_fg_color":{"type":"string","description":"Custom foreground color (e.g., #59afe1)","description_kind":"plain","optional":true},"palette":{"type":"string","description":"The palette to use if this condition is met.","description_kind":"plain","optional":true},"value":{"type":"string","description":"Value that is threshold for conditional format","description_kind":"plain","optional":true}},"description":"A list of conditional formatting rules.","description_kind":"plain"}},"log_query":{"nesting_mode":"list","block":{"attributes":{"index":{"type":"string","description_kind":"plain","required":true}},"block_types":{"compute":{"nesting_mode":"list","block":{"attributes":{"aggregation":{"type":"string","description_kind":"plain","required":true},"facet":{"type":"string","description_kind":"plain","optional":true},"interval":{"type":"number","description_kind":"plain","optional":true}},"description_kind":"plain"},"min_items":1,"max_items":1},"group_by":{"nesting_mode":"list","block":{"attributes":{"facet":{"type":"string","description_kind":"plain","required":true},"limit":{"type":"number","description_kind":"plain","optional":true}},"block_types":{"sort":{"nesting_mode":"list","block":{"attributes":{"aggregation":{"type":"string","description_kind":"plain","required":true},"facet":{"type":"string","description_kind":"plain","optional":true},"order":{"type":"string","description_kind":"plain","required":true}},"description_kind":"plain"},"max_items":1}},"description_kind":"plain"}},"search":{"nesting_mode":"list","block":{"attributes":{"query":{"type":"string","description_kind":"plain","required":true}},"description_kind":"plain"},"max_items":1}},"description_kind":"plain"},"max_items":1},"process_query":{"nesting_mode":"list","block":{"attributes":{"filter_by":{"type":["list","string"],"description_kind":"plain","optional":true},"limit":{"type":"number","description_kind":"plain","optional":true},"metric":{"type":"string","description_kind":"plain","required":true},"search_by":{"type":"string","description_kind":"plain","optional":true}},"description_kind":"plain"},"max_items":1}},"description_kind":"plain"},"min_items":1}},"description":"A list of graph definitions.","description_kind":"plain"},"min_items":1},"template_variable":{"nesting_mode":"list","block":{"attributes":{"default":{"type":"string","description":"The default value for the template variable on dashboard load.","description_kind":"plain","optional":true},"name":{"type":"string","description":"The name of the variable.","description_kind":"plain","required":true},"prefix":{"type":"string","description":"The tag prefix associated with the variable. Only tags with this prefix will appear in the variable dropdown.","description_kind":"plain","optional":true}},"description":"A list of template variables for using Dashboard templating.","description_kind":"plain"}}},"description_kind":"plain","deprecated":true}},"datadog_user":{"version":0,"block":{"attributes":{"access_role":{"type":"string","description_kind":"plain","optional":true},"disabled":{"type":"bool","description_kind":"plain","optional":true},"email":{"type":"string","description_kind":"plain","required":true},"handle":{"type":"string","description_kind":"plain","required":true},"id":{"type":"string","description_kind":"plain","optional":true,"computed":true},"is_admin":{"type":"bool","description_kind":"plain","deprecated":true,"optional":true,"computed":true},"name":{"type":"string","description_kind":"plain","required":true},"role":{"type":"string","description_kind":"plain","deprecated":true,"optional":true},"verified":{"type":"bool","description_kind":"plain","computed":true}},"description_kind":"plain"}}},"data_source_schemas":{"datadog_dashboard_list":{"version":0,"block":{"attributes":{"id":{"type":"string","description_kind":"plain","optional":true,"computed":true},"name":{"type":"string","description_kind":"plain","required":true}},"description_kind":"plain"}},"datadog_ip_ranges":{"version":0,"block":{"attributes":{"agents_ipv4":{"type":["list","string"],"description_kind":"plain","computed":true},"agents_ipv6":{"type":["list","string"],"description_kind":"plain","computed":true},"api_ipv4":{"type":["list","string"],"description_kind":"plain","computed":true},"api_ipv6":{"type":["list","string"],"description_kind":"plain","computed":true},"apm_ipv4":{"type":["list","string"],"description_kind":"plain","computed":true},"apm_ipv6":{"type":["list","string"],"description_kind":"plain","computed":true},"id":{"type":"string","description_kind":"plain","optional":true,"computed":true},"logs_ipv4":{"type":["list","string"],"description_kind":"plain","computed":true},"logs_ipv6":{"type":["list","string"],"description_kind":"plain","computed":true},"process_ipv4":{"type":["list","string"],"description_kind":"plain","computed":true},"process_ipv6":{"type":["list","string"],"description_kind":"plain","computed":true},"synthetics_ipv4":{"type":["list","string"],"description_kind":"plain","computed":true},"synthetics_ipv6":{"type":["list","string"],"description_kind":"plain","computed":true},"webhooks_ipv4":{"type":["list","string"],"description_kind":"plain","computed":true},"webhooks_ipv6":{"type":["list","string"],"description_kind":"plain","computed":true}},"description_kind":"plain"}},"datadog_monitor":{"version":0,"block":{"attributes":{"enable_logs_sample":{"type":"bool","description_kind":"plain","computed":true},"escalation_message":{"type":"string","description_kind":"plain","computed":true},"evaluation_delay":{"type":"number","description_kind":"plain","computed":true},"id":{"type":"string","description_kind":"plain","optional":true,"computed":true},"include_tags":{"type":"bool","description_kind":"plain","computed":true},"locked":{"type":"bool","description_kind":"plain","computed":true},"message":{"type":"string","description_kind":"plain","computed":true},"monitor_tags_filter":{"type":["list","string"],"description_kind":"plain","optional":true},"name":{"type":"string","description_kind":"plain","computed":true},"name_filter":{"type":"string","description_kind":"plain","optional":true},"new_host_delay":{"type":"number","description_kind":"plain","computed":true},"no_data_timeframe":{"type":"number","description_kind":"plain","computed":true},"notify_audit":{"type":"bool","description_kind":"plain","computed":true},"notify_no_data":{"type":"bool","description_kind":"plain","computed":true},"query":{"type":"string","description_kind":"plain","computed":true},"renotify_interval":{"type":"number","description_kind":"plain","computed":true},"require_full_window":{"type":"bool","description_kind":"plain","computed":true},"tags":{"type":["set","string"],"description_kind":"plain","computed":true},"tags_filter":{"type":["list","string"],"description_kind":"plain","optional":true},"threshold_windows":{"type":["map","string"],"description_kind":"plain","computed":true},"thresholds":{"type":["map","string"],"description_kind":"plain","computed":true},"timeout_h":{"type":"number","description_kind":"plain","computed":true},"type":{"type":"string","description_kind":"plain","computed":true}},"description_kind":"plain"}},"datadog_synthetics_locations":{"version":0,"block":{"attributes":{"id":{"type":"string","description_kind":"plain","optional":true,"computed":true},"locations":{"type":["map","string"],"description_kind":"plain","computed":true}},"description_kind":"plain"}}}}}}
