{"format_version":"0.1","provider_schemas":{"registry.terraform.io/datarootsio/kubeflowpipelines":{"provider":{"version":0,"block":{"attributes":{"host":{"type":"string","description_kind":"plain","required":true}},"description_kind":"plain"}},"resource_schemas":{"kubeflowpipelines_experiment":{"version":0,"block":{"attributes":{"created_at":{"type":"string","description_kind":"plain","computed":true},"description":{"type":"string","description_kind":"plain","optional":true},"id":{"type":"string","description_kind":"plain","optional":true,"computed":true},"name":{"type":"string","description_kind":"plain","required":true}},"description_kind":"plain"}},"kubeflowpipelines_job":{"version":0,"block":{"attributes":{"created_at":{"type":"string","description_kind":"plain","computed":true},"description":{"type":"string","description_kind":"plain","optional":true},"enabled":{"type":"bool","description_kind":"plain","optional":true},"experiment_id":{"type":"string","description_kind":"plain","optional":true},"id":{"type":"string","description_kind":"plain","optional":true,"computed":true},"max_concurrency":{"type":"number","description_kind":"plain","required":true},"name":{"type":"string","description_kind":"plain","required":true},"no_catchup":{"type":"bool","description_kind":"plain","optional":true},"service_account":{"type":"string","description_kind":"plain","optional":true}},"block_types":{"pipeline_spec":{"nesting_mode":"list","block":{"attributes":{"parameters":{"type":["map","string"],"description_kind":"plain","optional":true},"pipeline_version_id":{"type":"string","description_kind":"plain","required":true}},"description_kind":"plain"},"min_items":1,"max_items":1},"trigger":{"nesting_mode":"list","block":{"block_types":{"cron_schedule":{"nesting_mode":"list","block":{"attributes":{"cron":{"type":"string","description_kind":"plain","required":true},"end_time":{"type":"string","description_kind":"plain","required":true},"start_time":{"type":"string","description_kind":"plain","required":true}},"description_kind":"plain"},"max_items":1},"periodic_schedule":{"nesting_mode":"list","block":{"attributes":{"end_time":{"type":"string","description_kind":"plain","required":true},"interval_seconds":{"type":"number","description_kind":"plain","required":true},"start_time":{"type":"string","description_kind":"plain","required":true}},"description_kind":"plain"}}},"description_kind":"plain"},"min_items":1,"max_items":1}},"description_kind":"plain"}},"kubeflowpipelines_pipeline":{"version":0,"block":{"attributes":{"description":{"type":"string","description_kind":"plain","optional":true},"file_base64":{"type":"string","description_kind":"plain","optional":true},"file_format":{"type":"string","description_kind":"plain","optional":true},"id":{"type":"string","description_kind":"plain","optional":true,"computed":true},"name":{"type":"string","description_kind":"plain","optional":true},"url":{"type":"string","description_kind":"plain","optional":true},"version":{"type":"string","description_kind":"plain","optional":true},"version_id":{"type":"string","description_kind":"plain","computed":true}},"description_kind":"plain"}},"kubeflowpipelines_run":{"version":0,"block":{"attributes":{"created_at":{"type":"string","description_kind":"plain","computed":true},"description":{"type":"string","description_kind":"plain","optional":true},"experiment_id":{"type":"string","description_kind":"plain","optional":true},"id":{"type":"string","description_kind":"plain","optional":true,"computed":true},"name":{"type":"string","description_kind":"plain","required":true},"service_account":{"type":"string","description_kind":"plain","optional":true}},"block_types":{"pipeline_spec":{"nesting_mode":"list","block":{"attributes":{"parameters":{"type":["map","string"],"description_kind":"plain","optional":true},"pipeline_version_id":{"type":"string","description_kind":"plain","required":true}},"description_kind":"plain"},"min_items":1,"max_items":1}},"description_kind":"plain"}}},"data_source_schemas":{"kubeflowpipelines_experiment":{"version":0,"block":{"attributes":{"description":{"type":"string","description_kind":"plain","computed":true},"id":{"type":"string","description_kind":"plain","optional":true},"name":{"type":"string","description_kind":"plain","optional":true}},"description_kind":"plain"}},"kubeflowpipelines_pipeline":{"version":0,"block":{"attributes":{"description":{"type":"string","description_kind":"plain","computed":true},"id":{"type":"string","description_kind":"plain","optional":true},"name":{"type":"string","description_kind":"plain","optional":true}},"description_kind":"plain"}}}}}}
