{"format_version":"0.1","provider_schemas":{"registry.terraform.io/alxrem/hdns":{"provider":{"version":0,"block":{"attributes":{"token":{"type":"string","description_kind":"plain","required":true}},"description_kind":"plain"}},"resource_schemas":{"hdns_record":{"version":0,"block":{"attributes":{"id":{"type":"string","description_kind":"plain","optional":true,"computed":true},"name":{"type":"string","description_kind":"plain","required":true},"ttl":{"type":"number","description_kind":"plain","optional":true},"type":{"type":"string","description_kind":"plain","required":true},"value":{"type":"string","description_kind":"plain","required":true},"zone_id":{"type":"string","description_kind":"plain","required":true}},"description_kind":"plain"}},"hdns_zone":{"version":0,"block":{"attributes":{"id":{"type":"string","description_kind":"plain","optional":true,"computed":true},"is_secondary_dns":{"type":"bool","description_kind":"plain","computed":true},"legacy_dns_host":{"type":"string","description_kind":"plain","computed":true},"legacy_ns":{"type":["list","string"],"description_kind":"plain","computed":true},"name":{"type":"string","description_kind":"plain","required":true},"ns":{"type":["list","string"],"description_kind":"plain","computed":true},"owner":{"type":"string","description_kind":"plain","computed":true},"paused":{"type":"bool","description_kind":"plain","computed":true},"permission":{"type":"string","description_kind":"plain","computed":true},"project":{"type":"string","description_kind":"plain","computed":true},"records_count":{"type":"number","description_kind":"plain","computed":true},"registrar":{"type":"string","description_kind":"plain","computed":true},"status":{"type":"string","description_kind":"plain","computed":true},"ttl":{"type":"number","description_kind":"plain","optional":true}},"description_kind":"plain"}}},"data_source_schemas":{"hdns_zone":{"version":0,"block":{"attributes":{"id":{"type":"string","description_kind":"plain","required":true},"is_secondary_dns":{"type":"bool","description_kind":"plain","computed":true},"legacy_dns_host":{"type":"string","description_kind":"plain","computed":true},"legacy_ns":{"type":["list","string"],"description_kind":"plain","computed":true},"name":{"type":"string","description_kind":"plain","computed":true},"ns":{"type":["list","string"],"description_kind":"plain","computed":true},"owner":{"type":"string","description_kind":"plain","computed":true},"paused":{"type":"bool","description_kind":"plain","computed":true},"permission":{"type":"string","description_kind":"plain","computed":true},"project":{"type":"string","description_kind":"plain","computed":true},"records_count":{"type":"number","description_kind":"plain","computed":true},"registrar":{"type":"string","description_kind":"plain","computed":true},"status":{"type":"string","description_kind":"plain","computed":true},"ttl":{"type":"number","description_kind":"plain","computed":true}},"description_kind":"plain"}}}}}}
