{"format_version":"0.1","provider_schemas":{"registry.terraform.io/splunk/victorops":{"provider":{"version":0,"block":{"attributes":{"api_id":{"type":"string","description":"Your VictorOps API ID.","description_kind":"plain","required":true},"api_key":{"type":"string","description":"Your VictorOps API key.","description_kind":"plain","required":true},"base_url":{"type":"string","description":"The base url to use for api requests.","description_kind":"plain","optional":true}},"description_kind":"plain"}},"resource_schemas":{"victorops_contact":{"version":0,"block":{"attributes":{"computed_value":{"type":"string","description_kind":"plain","computed":true},"id":{"type":"string","description_kind":"plain","optional":true,"computed":true},"internal_id":{"type":"number","description_kind":"plain","computed":true},"label":{"type":"string","description_kind":"plain","required":true},"type":{"type":"string","description_kind":"plain","required":true},"user_name":{"type":"string","description_kind":"plain","required":true},"value":{"type":"string","description_kind":"plain","required":true}},"description_kind":"plain"}},"victorops_escalation_policy":{"version":0,"block":{"attributes":{"id":{"type":"string","description_kind":"plain","optional":true,"computed":true},"ignore_custom_paging_policies":{"type":"bool","description_kind":"plain","optional":true},"name":{"type":"string","description_kind":"plain","required":true},"team_id":{"type":"string","description_kind":"plain","required":true}},"block_types":{"step":{"nesting_mode":"list","block":{"attributes":{"entries":{"type":["list",["map","string"]],"description_kind":"plain","required":true},"timeout":{"type":"number","description_kind":"plain","optional":true}},"description_kind":"plain"},"min_items":1}},"description_kind":"plain"}},"victorops_routing_key":{"version":0,"block":{"attributes":{"id":{"type":"string","description_kind":"plain","optional":true,"computed":true},"name":{"type":"string","description_kind":"plain","required":true},"targets":{"type":["list","string"],"description_kind":"plain","required":true}},"description_kind":"plain"}},"victorops_team":{"version":0,"block":{"attributes":{"id":{"type":"string","description_kind":"plain","optional":true,"computed":true},"name":{"type":"string","description_kind":"plain","required":true}},"description_kind":"plain"}},"victorops_team_membership":{"version":0,"block":{"attributes":{"id":{"type":"string","description_kind":"plain","optional":true,"computed":true},"replacement_user":{"type":"string","description_kind":"plain","optional":true},"team_id":{"type":"string","description_kind":"plain","required":true},"user_name":{"type":"string","description_kind":"plain","required":true}},"description_kind":"plain"}},"victorops_user":{"version":0,"block":{"attributes":{"default_email_contact_id":{"type":"number","description_kind":"plain","computed":true},"email":{"type":"string","description_kind":"plain","required":true},"expiration_hours":{"type":"number","description_kind":"plain","optional":true},"first_name":{"type":"string","description_kind":"plain","required":true},"id":{"type":"string","description_kind":"plain","optional":true,"computed":true},"is_admin":{"type":"bool","description_kind":"plain","required":true},"last_name":{"type":"string","description_kind":"plain","required":true},"replacement_user":{"type":"string","description_kind":"plain","optional":true},"user_name":{"type":"string","description_kind":"plain","required":true}},"description_kind":"plain"}}}}}}
