{"format_version":"0.1","provider_schemas":{"registry.terraform.io/vmware/vra":{"provider":{"version":0,"block":{"attributes":{"access_token":{"type":"string","description":"The access token for API operations.","description_kind":"plain","optional":true},"insecure":{"type":"bool","description":"Specify whether to validate TLS certificates.","description_kind":"plain","optional":true},"reauthorize_timeout":{"type":"string","description":"Specify timeout for how often to reauthorize the access token","description_kind":"plain","optional":true},"refresh_token":{"type":"string","description":"The refresh token for API operations.","description_kind":"plain","optional":true},"url":{"type":"string","description":"The base url for API operations.","description_kind":"plain","required":true}},"description_kind":"plain"}},"resource_schemas":{"vra_block_device":{"version":0,"block":{"attributes":{"capacity_in_gb":{"type":"number","description_kind":"plain","required":true},"created_at":{"type":"string","description_kind":"plain","computed":true},"custom_properties":{"type":["map","string"],"description_kind":"plain","optional":true,"computed":true},"deployment_id":{"type":"string","description_kind":"plain","optional":true,"computed":true},"description":{"type":"string","description_kind":"plain","optional":true},"disk_content_base_64":{"type":"string","description_kind":"plain","optional":true},"encrypted":{"type":"bool","description_kind":"plain","optional":true},"external_id":{"type":"string","description_kind":"plain","computed":true},"external_region_id":{"type":"string","description_kind":"plain","computed":true},"external_zone_id":{"type":"string","description_kind":"plain","computed":true},"id":{"type":"string","description_kind":"plain","optional":true,"computed":true},"links":{"type":["set",["object",{"href":"string","hrefs":["list","string"],"rel":"string"}]],"description_kind":"plain","computed":true},"name":{"type":"string","description_kind":"plain","required":true},"org_id":{"type":"string","description_kind":"plain","computed":true},"owner":{"type":"string","description_kind":"plain","computed":true},"persistent":{"type":"bool","description_kind":"plain","optional":true},"project_id":{"type":"string","description_kind":"plain","required":true},"source_reference":{"type":"string","description_kind":"plain","optional":true},"status":{"type":"string","description_kind":"plain","computed":true},"updated_at":{"type":"string","description_kind":"plain","computed":true}},"block_types":{"constraints":{"nesting_mode":"set","block":{"attributes":{"expression":{"type":"string","description":"An expression of the form \"[!]tag-key[:[tag-value]]\", used to indicate a constraint match on keys and values of tags.","description_kind":"plain","required":true},"mandatory":{"type":"bool","description":"Indicates whether this constraint should be strictly enforced or not.","description_kind":"plain","required":true}},"description":"Constraints that are used to drive placement policies for entities such as image, network, storage, etc. Constraint expressions are matched against tags on existing placement targets.","description_kind":"plain"}},"tags":{"nesting_mode":"set","block":{"attributes":{"key":{"type":"string","description_kind":"plain","required":true},"value":{"type":"string","description_kind":"plain","required":true}},"description_kind":"plain"}},"timeouts":{"nesting_mode":"single","block":{"attributes":{"create":{"type":"string","description_kind":"plain","optional":true},"delete":{"type":"string","description_kind":"plain","optional":true},"update":{"type":"string","description_kind":"plain","optional":true}},"description_kind":"plain"}}},"description_kind":"plain"}},"vra_blueprint":{"version":0,"block":{"attributes":{"content":{"type":"string","description_kind":"plain","optional":true},"content_source_id":{"type":"string","description_kind":"plain","computed":true},"content_source_path":{"type":"string","description_kind":"plain","computed":true},"content_source_sync_at":{"type":"string","description_kind":"plain","computed":true},"content_source_sync_messages":{"type":["list","string"],"description_kind":"plain","computed":true},"content_source_sync_status":{"type":"string","description_kind":"plain","computed":true},"content_source_type":{"type":"string","description_kind":"plain","computed":true},"created_at":{"type":"string","description_kind":"plain","computed":true},"created_by":{"type":"string","description_kind":"plain","computed":true},"description":{"type":"string","description_kind":"plain","optional":true,"computed":true},"id":{"type":"string","description_kind":"plain","optional":true,"computed":true},"name":{"type":"string","description_kind":"plain","required":true},"org_id":{"type":"string","description_kind":"plain","computed":true},"project_id":{"type":"string","description_kind":"plain","required":true},"project_name":{"type":"string","description_kind":"plain","computed":true},"request_scope_org":{"type":"bool","description":"Flag to indicate blueprint can be requested from any project in org","description_kind":"plain","optional":true,"computed":true},"self_link":{"type":"string","description_kind":"plain","computed":true},"status":{"type":"string","description_kind":"plain","computed":true},"total_released_versions":{"type":"number","description_kind":"plain","computed":true},"total_versions":{"type":"number","description_kind":"plain","computed":true},"updated_at":{"type":"string","description_kind":"plain","computed":true},"updated_by":{"type":"string","description_kind":"plain","computed":true},"valid":{"type":"bool","description_kind":"plain","computed":true},"validation_messages":{"type":["set",["object",{"message":"string","metadata":["map","string"],"path":"string","resource_name":"string","type":"string"}]],"description_kind":"plain","computed":true}},"description_kind":"plain"}},"vra_blueprint_version":{"version":0,"block":{"attributes":{"blueprint_description":{"type":"string","description_kind":"plain","computed":true},"blueprint_id":{"type":"string","description_kind":"plain","required":true},"change_log":{"type":"string","description_kind":"plain","optional":true},"content":{"type":"string","description_kind":"plain","computed":true},"created_at":{"type":"string","description_kind":"plain","computed":true},"created_by":{"type":"string","description_kind":"plain","computed":true},"description":{"type":"string","description_kind":"plain","optional":true},"id":{"type":"string","description_kind":"plain","optional":true,"computed":true},"name":{"type":"string","description_kind":"plain","computed":true},"org_id":{"type":"string","description_kind":"plain","computed":true},"project_id":{"type":"string","description_kind":"plain","computed":true},"project_name":{"type":"string","description_kind":"plain","computed":true},"release":{"type":"bool","description_kind":"plain","optional":true},"status":{"type":"string","description_kind":"plain","computed":true},"updated_at":{"type":"string","description_kind":"plain","computed":true},"updated_by":{"type":"string","description_kind":"plain","computed":true},"valid":{"type":"string","description_kind":"plain","computed":true},"version":{"type":"string","description_kind":"plain","required":true}},"description_kind":"plain"}},"vra_catalog_source_blueprint":{"version":0,"block":{"attributes":{"config":{"type":["map","string"],"description_kind":"plain","optional":true,"computed":true},"created_at":{"type":"string","description_kind":"plain","computed":true},"created_by":{"type":"string","description_kind":"plain","computed":true},"description":{"type":"string","description_kind":"plain","optional":true},"global":{"type":"bool","description_kind":"plain","computed":true},"id":{"type":"string","description_kind":"plain","optional":true,"computed":true},"items_found":{"type":"string","description_kind":"plain","computed":true},"items_imported":{"type":"string","description_kind":"plain","computed":true},"last_import_completed_at":{"type":"string","description_kind":"plain","computed":true},"last_import_errors":{"type":["list","string"],"description_kind":"plain","computed":true},"last_import_started_at":{"type":"string","description_kind":"plain","computed":true},"last_updated_by":{"type":"string","description_kind":"plain","computed":true},"name":{"type":"string","description_kind":"plain","required":true},"project_id":{"type":"string","description_kind":"plain","required":true},"type_id":{"type":"string","description_kind":"plain","computed":true}},"description_kind":"plain"}},"vra_catalog_source_entitlement":{"version":0,"block":{"attributes":{"catalog_source_id":{"type":"string","description_kind":"plain","required":true},"definition":{"type":["set",["object",{"description":"string","id":"string","name":"string","number_of_items":"number","source_type":"string","type":"string"}]],"description_kind":"plain","computed":true},"id":{"type":"string","description_kind":"plain","optional":true,"computed":true},"project_id":{"type":"string","description_kind":"plain","required":true}},"description_kind":"plain"}},"vra_cloud_account_aws":{"version":0,"block":{"attributes":{"access_key":{"type":"string","description_kind":"plain","required":true},"description":{"type":"string","description_kind":"plain","optional":true},"id":{"type":"string","description_kind":"plain","optional":true,"computed":true},"name":{"type":"string","description_kind":"plain","required":true},"region_ids":{"type":["list","string"],"description_kind":"plain","computed":true},"regions":{"type":["list","string"],"description_kind":"plain","optional":true},"secret_key":{"type":"string","description_kind":"plain","required":true,"sensitive":true}},"block_types":{"tags":{"nesting_mode":"set","block":{"attributes":{"key":{"type":"string","description_kind":"plain","required":true},"value":{"type":"string","description_kind":"plain","required":true}},"description_kind":"plain"}}},"description_kind":"plain"}},"vra_cloud_account_azure":{"version":0,"block":{"attributes":{"application_id":{"type":"string","description_kind":"plain","required":true},"application_key":{"type":"string","description_kind":"plain","required":true},"description":{"type":"string","description_kind":"plain","optional":true},"id":{"type":"string","description_kind":"plain","optional":true,"computed":true},"name":{"type":"string","description_kind":"plain","required":true},"region_ids":{"type":["list","string"],"description_kind":"plain","computed":true},"regions":{"type":["list","string"],"description_kind":"plain","optional":true},"subscription_id":{"type":"string","description_kind":"plain","required":true},"tenant_id":{"type":"string","description_kind":"plain","required":true}},"block_types":{"tags":{"nesting_mode":"set","block":{"attributes":{"key":{"type":"string","description_kind":"plain","required":true},"value":{"type":"string","description_kind":"plain","required":true}},"description_kind":"plain"}}},"description_kind":"plain"}},"vra_cloud_account_gcp":{"version":0,"block":{"attributes":{"client_email":{"type":"string","description_kind":"plain","required":true},"description":{"type":"string","description_kind":"plain","optional":true},"id":{"type":"string","description_kind":"plain","optional":true,"computed":true},"name":{"type":"string","description_kind":"plain","required":true},"private_key":{"type":"string","description_kind":"plain","required":true,"sensitive":true},"private_key_id":{"type":"string","description_kind":"plain","required":true},"project_id":{"type":"string","description_kind":"plain","required":true},"region_ids":{"type":["list","string"],"description_kind":"plain","computed":true},"regions":{"type":["list","string"],"description_kind":"plain","optional":true}},"block_types":{"tags":{"nesting_mode":"set","block":{"attributes":{"key":{"type":"string","description_kind":"plain","required":true},"value":{"type":"string","description_kind":"plain","required":true}},"description_kind":"plain"}}},"description_kind":"plain"}},"vra_cloud_account_nsxt":{"version":0,"block":{"attributes":{"accept_self_signed_cert":{"type":"bool","description_kind":"plain","optional":true},"associated_cloud_account_ids":{"type":["list","string"],"description_kind":"plain","computed":true},"dc_id":{"type":"string","description_kind":"plain","optional":true},"description":{"type":"string","description_kind":"plain","optional":true},"hostname":{"type":"string","description_kind":"plain","required":true},"id":{"type":"string","description_kind":"plain","optional":true,"computed":true},"name":{"type":"string","description_kind":"plain","required":true},"password":{"type":"string","description_kind":"plain","required":true,"sensitive":true},"username":{"type":"string","description_kind":"plain","required":true}},"block_types":{"tags":{"nesting_mode":"set","block":{"attributes":{"key":{"type":"string","description_kind":"plain","required":true},"value":{"type":"string","description_kind":"plain","required":true}},"description_kind":"plain"}}},"description_kind":"plain"}},"vra_cloud_account_nsxv":{"version":0,"block":{"attributes":{"accept_self_signed_cert":{"type":"bool","description_kind":"plain","optional":true},"associated_cloud_account_ids":{"type":["list","string"],"description_kind":"plain","computed":true},"dc_id":{"type":"string","description_kind":"plain","optional":true},"description":{"type":"string","description_kind":"plain","optional":true},"hostname":{"type":"string","description_kind":"plain","required":true},"id":{"type":"string","description_kind":"plain","optional":true,"computed":true},"name":{"type":"string","description_kind":"plain","required":true},"password":{"type":"string","description_kind":"plain","required":true,"sensitive":true},"username":{"type":"string","description_kind":"plain","required":true}},"block_types":{"tags":{"nesting_mode":"set","block":{"attributes":{"key":{"type":"string","description_kind":"plain","required":true},"value":{"type":"string","description_kind":"plain","required":true}},"description_kind":"plain"}}},"description_kind":"plain"}},"vra_cloud_account_vmc":{"version":0,"block":{"attributes":{"accept_self_signed_cert":{"type":"bool","description_kind":"plain","optional":true},"api_token":{"type":"string","description_kind":"plain","required":true},"dc_id":{"type":"string","description_kind":"plain","optional":true},"description":{"type":"string","description_kind":"plain","optional":true},"id":{"type":"string","description_kind":"plain","optional":true,"computed":true},"name":{"type":"string","description_kind":"plain","required":true},"nsx_hostname":{"type":"string","description_kind":"plain","required":true},"region_ids":{"type":["list","string"],"description_kind":"plain","computed":true},"regions":{"type":["list","string"],"description_kind":"plain","required":true},"sddc_name":{"type":"string","description_kind":"plain","required":true},"vcenter_hostname":{"type":"string","description_kind":"plain","required":true},"vcenter_password":{"type":"string","description_kind":"plain","required":true,"sensitive":true},"vcenter_username":{"type":"string","description_kind":"plain","required":true}},"block_types":{"tags":{"nesting_mode":"set","block":{"attributes":{"key":{"type":"string","description_kind":"plain","required":true},"value":{"type":"string","description_kind":"plain","required":true}},"description_kind":"plain"}}},"description_kind":"plain"}},"vra_cloud_account_vsphere":{"version":0,"block":{"attributes":{"accept_self_signed_cert":{"type":"bool","description_kind":"plain","optional":true},"associated_cloud_account_ids":{"type":["list","string"],"description_kind":"plain","optional":true},"dcid":{"type":"string","description_kind":"plain","optional":true},"description":{"type":"string","description_kind":"plain","optional":true},"hostname":{"type":"string","description_kind":"plain","required":true},"id":{"type":"string","description_kind":"plain","optional":true,"computed":true},"name":{"type":"string","description_kind":"plain","required":true},"password":{"type":"string","description_kind":"plain","required":true,"sensitive":true},"region_ids":{"type":["list","string"],"description_kind":"plain","computed":true},"regions":{"type":["list","string"],"description_kind":"plain","required":true},"username":{"type":"string","description_kind":"plain","required":true}},"block_types":{"tags":{"nesting_mode":"set","block":{"attributes":{"key":{"type":"string","description_kind":"plain","required":true},"value":{"type":"string","description_kind":"plain","required":true}},"description_kind":"plain"}}},"description_kind":"plain"}},"vra_content_source":{"version":0,"block":{"attributes":{"created_at":{"type":"string","description_kind":"plain","computed":true},"created_by":{"type":"string","description_kind":"plain","computed":true},"description":{"type":"string","description_kind":"plain","optional":true},"id":{"type":"string","description_kind":"plain","optional":true,"computed":true},"last_updated_at":{"type":"string","description_kind":"plain","computed":true},"last_updated_by":{"type":"string","description_kind":"plain","computed":true},"name":{"type":"string","description_kind":"plain","required":true},"org_id":{"type":"string","description_kind":"plain","computed":true},"project_id":{"type":"string","description_kind":"plain","required":true},"sync_enabled":{"type":"bool","description_kind":"plain","required":true},"type_id":{"type":"string","description_kind":"plain","required":true}},"block_types":{"config":{"nesting_mode":"set","block":{"attributes":{"branch":{"type":"string","description_kind":"plain","optional":true},"content_type":{"type":"string","description_kind":"plain","optional":true},"integration_id":{"type":"string","description_kind":"plain","required":true},"path":{"type":"string","description_kind":"plain","required":true},"project_name":{"type":"string","description_kind":"plain","required":true},"repository":{"type":"string","description_kind":"plain","optional":true}},"description_kind":"plain"},"min_items":1,"max_items":1}},"description_kind":"plain"}},"vra_deployment":{"version":0,"block":{"attributes":{"blueprint_content":{"type":"string","description_kind":"plain","optional":true},"blueprint_id":{"type":"string","description_kind":"plain","optional":true,"computed":true},"blueprint_version":{"type":"string","description_kind":"plain","optional":true,"computed":true},"catalog_item_id":{"type":"string","description_kind":"plain","optional":true,"computed":true},"catalog_item_version":{"type":"string","description_kind":"plain","optional":true,"computed":true},"created_at":{"type":"string","description_kind":"plain","computed":true},"created_by":{"type":"string","description_kind":"plain","computed":true},"description":{"type":"string","description_kind":"plain","optional":true},"expand_last_request":{"type":"bool","description_kind":"plain","deprecated":true,"optional":true},"expand_project":{"type":"bool","description_kind":"plain","optional":true},"expand_resources":{"type":"bool","description_kind":"plain","deprecated":true,"optional":true},"expense":{"type":["set",["object",{"additional_expense":"number","code":"string","compute_expense":"number","last_update_time":"string","message":"string","network_expense":"number","storage_expense":"number","total_expense":"number","unit":"string"}]],"description_kind":"plain","computed":true},"id":{"type":"string","description_kind":"plain","optional":true,"computed":true},"inputs":{"type":["map","string"],"description":"Inputs provided by the user. For inputs including those with default values, refer to inputs_including_defaults.","description_kind":"plain","optional":true},"inputs_including_defaults":{"type":["map","string"],"description":"All the inputs applied during last create/update operation, including those with default values.","description_kind":"plain","computed":true},"last_request":{"type":["list",["object",{"action_id":"string","approved_at":"string","blueprint_id":"string","cancelable":"bool","catalog_item_id":"string","completed_at":"string","completed_tasks":"number","created_at":"string","deployment_id":"string","details":"string","dismissed":"bool","id":"string","initialized_at":"string","inputs":["map","string"],"name":"string","parent_id":"string","requested_by":"string","resource_name":"string","resource_type":"string","status":"string","total_tasks":"number","updated_at":"string"}]],"description_kind":"plain","computed":true},"last_updated_at":{"type":"string","description_kind":"plain","computed":true},"last_updated_by":{"type":"string","description_kind":"plain","computed":true},"lease_expire_at":{"type":"string","description_kind":"plain","computed":true},"name":{"type":"string","description_kind":"plain","required":true},"project":{"type":["set",["object",{"id":"string","link":"string","name":"string"}]],"description_kind":"plain","computed":true},"project_id":{"type":"string","description_kind":"plain","required":true},"resources":{"type":["list",["object",{"created_at":"string","depends_on":["list","string"],"description":"string","expense":["set",["object",{"additional_expense":"number","code":"string","compute_expense":"number","last_update_time":"string","message":"string","network_expense":"number","storage_expense":"number","total_expense":"number","unit":"string"}]],"id":"string","name":"string","properties_json":"string","state":"string","sync_status":"string","type":"string"}]],"description_kind":"plain","computed":true},"status":{"type":"string","description_kind":"plain","computed":true}},"block_types":{"timeouts":{"nesting_mode":"single","block":{"attributes":{"create":{"type":"string","description_kind":"plain","optional":true},"delete":{"type":"string","description_kind":"plain","optional":true},"update":{"type":"string","description_kind":"plain","optional":true}},"description_kind":"plain"}}},"description_kind":"plain"}},"vra_flavor_profile":{"version":0,"block":{"attributes":{"description":{"type":"string","description_kind":"plain","optional":true},"id":{"type":"string","description_kind":"plain","optional":true,"computed":true},"name":{"type":"string","description_kind":"plain","required":true},"region_id":{"type":"string","description_kind":"plain","required":true}},"block_types":{"flavor_mapping":{"nesting_mode":"set","block":{"attributes":{"cpu_count":{"type":"number","description_kind":"plain","optional":true},"instance_type":{"type":"string","description_kind":"plain","optional":true},"memory":{"type":"number","description_kind":"plain","optional":true},"name":{"type":"string","description_kind":"plain","required":true}},"description_kind":"plain"}}},"description_kind":"plain"}},"vra_image_profile":{"version":0,"block":{"attributes":{"created_at":{"type":"string","description":"Date when the entity was created. The date is in ISO 8601 and UTC.","description_kind":"plain","computed":true},"description":{"type":"string","description":"A human-friendly description.","description_kind":"plain","optional":true},"external_region_id":{"type":"string","description":"The id of the region for which this profile is defined as in the cloud provider.","description_kind":"plain","computed":true},"id":{"type":"string","description_kind":"plain","optional":true,"computed":true},"name":{"type":"string","description":"A human-friendly name used as an identifier in APIs that support this option.","description_kind":"plain","required":true},"owner":{"type":"string","description":"Email of the user that owns the entity.","description_kind":"plain","computed":true},"region_id":{"type":"string","description":"The if of the region for which this profile is defined as in vRealize Automation(vRA).","description_kind":"plain","required":true},"updated_at":{"type":"string","description":"Date when the entity was last updated. The date is ISO 8601 and UTC.","description_kind":"plain","computed":true}},"block_types":{"image_mapping":{"nesting_mode":"set","block":{"attributes":{"cloud_config":{"type":"string","description":"Cloud config for this image. This cloud config will be merged during provisioning with other cloud configurations such as the bootConfig provided in MachineSpecification or vRA cloud templates.","description_kind":"plain","optional":true},"description":{"type":"string","description":"A human-friendly description.","description_kind":"plain","computed":true},"external_id":{"type":"string","description":"External entity id on the cloud provider side.","description_kind":"plain","computed":true},"external_region_id":{"type":"string","description":"External region id on the cloud provider side.","description_kind":"plain","computed":true},"image_id":{"type":"string","description":"The id of this resource instance.","description_kind":"plain","optional":true},"image_name":{"type":"string","description":"A human-friendly image name as seen on the cloud provider side.","description_kind":"plain","optional":true},"name":{"type":"string","description":"A human-friendly name of the image mapping.","description_kind":"plain","required":true},"organization":{"type":"string","description":"A human-friendly description.","description_kind":"plain","computed":true},"os_family":{"type":"string","description":"Operating system family of the image.","description_kind":"plain","computed":true},"owner":{"type":"string","description":"Email of the user that owns the entity.","description_kind":"plain","computed":true},"private":{"type":"bool","description":"Indicates whether this fabric image is private. For vSphere, private images are considered to be templates and snapshots and public are Content Library items.","description_kind":"plain","computed":true}},"block_types":{"constraints":{"nesting_mode":"set","block":{"attributes":{"expression":{"type":"string","description":"An expression of the form \"[!]tag-key[:[tag-value]]\", used to indicate a constraint match on keys and values of tags.","description_kind":"plain","required":true},"mandatory":{"type":"bool","description":"Indicates whether this constraint should be strictly enforced or not.","description_kind":"plain","required":true}},"description":"Constraints that are used to drive placement policies for entities such as image, network, storage, etc. Constraint expressions are matched against tags on existing placement targets.","description_kind":"plain"}}},"description_kind":"plain"}}},"description_kind":"plain"}},"vra_load_balancer":{"version":0,"block":{"attributes":{"address":{"type":"string","description_kind":"plain","computed":true},"created_at":{"type":"string","description_kind":"plain","computed":true},"custom_properties":{"type":["map","string"],"description_kind":"plain","optional":true,"computed":true},"deployment_id":{"type":"string","description_kind":"plain","optional":true,"computed":true},"description":{"type":"string","description_kind":"plain","optional":true},"external_id":{"type":"string","description_kind":"plain","computed":true},"external_region_id":{"type":"string","description_kind":"plain","computed":true},"external_zone_id":{"type":"string","description_kind":"plain","computed":true},"id":{"type":"string","description_kind":"plain","optional":true,"computed":true},"internet_facing":{"type":"bool","description_kind":"plain","optional":true},"links":{"type":["set",["object",{"href":"string","hrefs":["list","string"],"rel":"string"}]],"description_kind":"plain","computed":true},"name":{"type":"string","description_kind":"plain","required":true},"organization_id":{"type":"string","description_kind":"plain","computed":true},"owner":{"type":"string","description_kind":"plain","computed":true},"project_id":{"type":"string","description_kind":"plain","required":true},"updated_at":{"type":"string","description_kind":"plain","computed":true}},"block_types":{"nics":{"nesting_mode":"set","block":{"attributes":{"addresses":{"type":["list","string"],"description_kind":"plain","optional":true},"custom_properties":{"type":["map","string"],"description_kind":"plain","optional":true},"description":{"type":"string","description_kind":"plain","optional":true},"device_index":{"type":"number","description_kind":"plain","optional":true},"name":{"type":"string","description_kind":"plain","optional":true},"network_id":{"type":"string","description_kind":"plain","required":true},"security_group_ids":{"type":["list","string"],"description_kind":"plain","optional":true}},"description_kind":"plain"},"min_items":1},"routes":{"nesting_mode":"set","block":{"attributes":{"health_check_configuration":{"type":["map","string"],"description_kind":"plain","optional":true},"member_port":{"type":"string","description_kind":"plain","required":true},"member_protocol":{"type":"string","description_kind":"plain","required":true},"port":{"type":"string","description_kind":"plain","required":true},"protocol":{"type":"string","description_kind":"plain","required":true}},"description_kind":"plain"},"min_items":1},"tags":{"nesting_mode":"set","block":{"attributes":{"key":{"type":"string","description_kind":"plain","required":true},"value":{"type":"string","description_kind":"plain","required":true}},"description_kind":"plain"}},"targets":{"nesting_mode":"set","block":{"attributes":{"machine_id":{"type":"string","description_kind":"plain","required":true},"network_interface_id":{"type":"string","description_kind":"plain","optional":true}},"description_kind":"plain"}}},"description_kind":"plain"}},"vra_machine":{"version":0,"block":{"attributes":{"address":{"type":"string","description_kind":"plain","computed":true},"created_at":{"type":"string","description_kind":"plain","computed":true},"custom_properties":{"type":["map","string"],"description":"Additional custom properties that may be used to extend the machine.","description_kind":"plain","optional":true,"computed":true},"deployment_id":{"type":"string","description":"The id of the deployment that is associated with this resource.","description_kind":"plain","optional":true,"computed":true},"description":{"type":"string","description":"Describes machine within the scope of your organization and is not propagated to the cloud.","description_kind":"plain","optional":true},"disks_list":{"type":["set",["object",{"block_device_id":"string","description":"string","name":"string"}]],"description":"List of all disks attached to a machine including boot disk, and additional block devices attached using the disks attribute.","description_kind":"plain","computed":true},"external_id":{"type":"string","description_kind":"plain","computed":true},"external_region_id":{"type":"string","description_kind":"plain","computed":true},"external_zone_id":{"type":"string","description_kind":"plain","computed":true},"flavor":{"type":"string","description_kind":"plain","required":true},"id":{"type":"string","description_kind":"plain","optional":true,"computed":true},"image":{"type":"string","description":"Type of image used for this machine.","description_kind":"plain","optional":true},"image_ref":{"type":"string","description_kind":"plain","optional":true},"links":{"type":["set",["object",{"href":"string","hrefs":["list","string"],"rel":"string"}]],"description_kind":"plain","computed":true},"name":{"type":"string","description_kind":"plain","required":true},"organization_id":{"type":"string","description_kind":"plain","computed":true},"owner":{"type":"string","description_kind":"plain","computed":true},"power_state":{"type":"string","description_kind":"plain","computed":true},"project_id":{"type":"string","description_kind":"plain","required":true},"updated_at":{"type":"string","description_kind":"plain","computed":true}},"block_types":{"boot_config":{"nesting_mode":"set","block":{"attributes":{"content":{"type":"string","description":"A valid cloud config data in json-escaped yaml syntax.","description_kind":"plain","optional":true}},"description":"Machine boot config that will be passed to the instance that can be used to perform common automated configuration tasks and even run scripts after the instance starts.","description_kind":"plain"},"max_items":1},"constraints":{"nesting_mode":"set","block":{"attributes":{"expression":{"type":"string","description":"An expression of the form \"[!]tag-key[:[tag-value]]\", used to indicate a constraint match on keys and values of tags.","description_kind":"plain","required":true},"mandatory":{"type":"bool","description":"Indicates whether this constraint should be strictly enforced or not.","description_kind":"plain","required":true}},"description":"Constraints that are used to drive placement policies for entities such as image, network, storage, etc. Constraint expressions are matched against tags on existing placement targets.","description_kind":"plain"}},"disks":{"nesting_mode":"set","block":{"attributes":{"block_device_id":{"type":"string","description":"The id of the existing block device.","description_kind":"plain","required":true},"description":{"type":"string","description":"A human-friendly description.","description_kind":"plain","optional":true},"name":{"type":"string","description":"A human-friendly block-device name used as an identifier in APIs that support this option.","description_kind":"plain","optional":true}},"description":"Specification for attaching/detaching disks to a machine.","description_kind":"plain"}},"image_disk_constraints":{"nesting_mode":"set","block":{"attributes":{"expression":{"type":"string","description":"An expression of the form \"[!]tag-key[:[tag-value]]\", used to indicate a constraint match on keys and values of tags.","description_kind":"plain","required":true},"mandatory":{"type":"bool","description":"Indicates whether this constraint should be strictly enforced or not.","description_kind":"plain","required":true}},"description":"Constraints that are used to drive placement policies for entities such as image, network, storage, etc. Constraint expressions are matched against tags on existing placement targets.","description_kind":"plain"}},"nics":{"nesting_mode":"set","block":{"attributes":{"addresses":{"type":["list","string"],"description_kind":"plain","optional":true},"custom_properties":{"type":["map","string"],"description_kind":"plain","optional":true},"description":{"type":"string","description_kind":"plain","optional":true},"device_index":{"type":"number","description_kind":"plain","optional":true},"name":{"type":"string","description_kind":"plain","optional":true},"network_id":{"type":"string","description_kind":"plain","required":true},"security_group_ids":{"type":["list","string"],"description_kind":"plain","optional":true}},"description_kind":"plain"}},"tags":{"nesting_mode":"set","block":{"attributes":{"key":{"type":"string","description_kind":"plain","required":true},"value":{"type":"string","description_kind":"plain","required":true}},"description_kind":"plain"}},"timeouts":{"nesting_mode":"single","block":{"attributes":{"create":{"type":"string","description_kind":"plain","optional":true},"delete":{"type":"string","description_kind":"plain","optional":true},"update":{"type":"string","description_kind":"plain","optional":true}},"description_kind":"plain"}}},"description_kind":"plain"}},"vra_network":{"version":0,"block":{"attributes":{"cidr":{"type":"string","description_kind":"plain","computed":true},"custom_properties":{"type":["map","string"],"description_kind":"plain","optional":true,"computed":true},"deployment_id":{"type":"string","description_kind":"plain","optional":true,"computed":true},"description":{"type":"string","description_kind":"plain","optional":true},"external_id":{"type":"string","description_kind":"plain","computed":true},"external_zone_id":{"type":"string","description_kind":"plain","computed":true},"id":{"type":"string","description_kind":"plain","optional":true,"computed":true},"links":{"type":["set",["object",{"href":"string","hrefs":["list","string"],"rel":"string"}]],"description_kind":"plain","computed":true},"name":{"type":"string","description_kind":"plain","required":true},"organization_id":{"type":"string","description_kind":"plain","computed":true},"outbound_access":{"type":"bool","description_kind":"plain","optional":true},"owner":{"type":"string","description_kind":"plain","computed":true},"project_id":{"type":"string","description_kind":"plain","required":true},"self_link":{"type":"string","description_kind":"plain","computed":true},"updated_at":{"type":"string","description_kind":"plain","computed":true}},"block_types":{"constraints":{"nesting_mode":"set","block":{"attributes":{"expression":{"type":"string","description":"An expression of the form \"[!]tag-key[:[tag-value]]\", used to indicate a constraint match on keys and values of tags.","description_kind":"plain","required":true},"mandatory":{"type":"bool","description":"Indicates whether this constraint should be strictly enforced or not.","description_kind":"plain","required":true}},"description":"Constraints that are used to drive placement policies for entities such as image, network, storage, etc. Constraint expressions are matched against tags on existing placement targets.","description_kind":"plain"}},"tags":{"nesting_mode":"set","block":{"attributes":{"key":{"type":"string","description_kind":"plain","required":true},"value":{"type":"string","description_kind":"plain","required":true}},"description_kind":"plain"}},"timeouts":{"nesting_mode":"single","block":{"attributes":{"create":{"type":"string","description_kind":"plain","optional":true},"delete":{"type":"string","description_kind":"plain","optional":true},"update":{"type":"string","description_kind":"plain","optional":true}},"description_kind":"plain"}}},"description_kind":"plain"}},"vra_network_profile":{"version":0,"block":{"attributes":{"custom_properties":{"type":["map","string"],"description_kind":"plain","optional":true,"computed":true},"description":{"type":"string","description_kind":"plain","optional":true},"external_region_id":{"type":"string","description_kind":"plain","computed":true},"fabric_network_ids":{"type":["list","string"],"description_kind":"plain","optional":true},"id":{"type":"string","description_kind":"plain","optional":true,"computed":true},"isolated_external_fabric_network_id":{"type":"string","description_kind":"plain","optional":true},"isolated_network_cidr_prefix":{"type":"number","description_kind":"plain","optional":true},"isolated_network_domain_cidr":{"type":"string","description_kind":"plain","optional":true},"isolated_network_domain_id":{"type":"string","description_kind":"plain","optional":true},"isolation_type":{"type":"string","description_kind":"plain","optional":true},"links":{"type":["set",["object",{"href":"string","hrefs":["list","string"],"rel":"string"}]],"description_kind":"plain","computed":true},"name":{"type":"string","description_kind":"plain","required":true},"organization_id":{"type":"string","description_kind":"plain","computed":true},"owner":{"type":"string","description_kind":"plain","computed":true},"region_id":{"type":"string","description_kind":"plain","required":true},"security_group_ids":{"type":["list","string"],"description_kind":"plain","optional":true},"updated_at":{"type":"string","description_kind":"plain","computed":true}},"block_types":{"tags":{"nesting_mode":"set","block":{"attributes":{"key":{"type":"string","description_kind":"plain","required":true},"value":{"type":"string","description_kind":"plain","required":true}},"description_kind":"plain"}}},"description_kind":"plain"}},"vra_project":{"version":0,"block":{"attributes":{"administrators":{"type":["set","string"],"description":"List of administrator users associated with the project. Only administrators can manage project's configuration.","description_kind":"plain","optional":true},"description":{"type":"string","description":"A human-friendly description.","description_kind":"plain","optional":true},"id":{"type":"string","description_kind":"plain","optional":true,"computed":true},"machine_naming_template":{"type":"string","description":"The naming template to be used for resources provisioned in this project.","description_kind":"plain","optional":true},"members":{"type":["set","string"],"description":"List of member users associated with the project.","description_kind":"plain","optional":true},"name":{"type":"string","description":"A human-friendly name used as an identifier in APIs that support this option.","description_kind":"plain","required":true},"operation_timeout":{"type":"number","description":"The timeout that should be used for Blueprint operations and Provisioning tasks. The timeout is in seconds.","description_kind":"plain","optional":true},"shared_resources":{"type":"bool","description":"Specifies whether the resources in this projects are shared or not. If not set default will be used.","description_kind":"plain","optional":true},"viewers":{"type":["set","string"],"description":"List of viewer users associated with the project.","description_kind":"plain","optional":true}},"block_types":{"constraints":{"nesting_mode":"set","block":{"block_types":{"extensibility":{"nesting_mode":"set","block":{"attributes":{"expression":{"type":"string","description":"An expression of the form \"[!]tag-key[:[tag-value]]\", used to indicate a constraint match on keys and values of tags.","description_kind":"plain","required":true},"mandatory":{"type":"bool","description":"Indicates whether this constraint should be strictly enforced or not.","description_kind":"plain","required":true}},"description":"Constraints that are used to drive placement policies for entities such as image, network, storage, etc. Constraint expressions are matched against tags on existing placement targets.","description_kind":"plain"}},"network":{"nesting_mode":"set","block":{"attributes":{"expression":{"type":"string","description":"An expression of the form \"[!]tag-key[:[tag-value]]\", used to indicate a constraint match on keys and values of tags.","description_kind":"plain","required":true},"mandatory":{"type":"bool","description":"Indicates whether this constraint should be strictly enforced or not.","description_kind":"plain","required":true}},"description":"Constraints that are used to drive placement policies for entities such as image, network, storage, etc. Constraint expressions are matched against tags on existing placement targets.","description_kind":"plain"}},"storage":{"nesting_mode":"set","block":{"attributes":{"expression":{"type":"string","description":"An expression of the form \"[!]tag-key[:[tag-value]]\", used to indicate a constraint match on keys and values of tags.","description_kind":"plain","required":true},"mandatory":{"type":"bool","description":"Indicates whether this constraint should be strictly enforced or not.","description_kind":"plain","required":true}},"description":"Constraints that are used to drive placement policies for entities such as image, network, storage, etc. Constraint expressions are matched against tags on existing placement targets.","description_kind":"plain"}}},"description":"List of storage, network and extensibility constraints to be applied when provisioning through this project.","description_kind":"plain"},"max_items":1},"zone_assignments":{"nesting_mode":"set","block":{"attributes":{"cpu_limit":{"type":"number","description":"The maximum amount of cpus that can be used by this cloud zone. Default is 0 (unlimited cpu).","description_kind":"plain","optional":true},"max_instances":{"type":"number","description":"The maximum number of instances that can be provisioned in this cloud zone. Default is 0 (unlimited instances)","description_kind":"plain","optional":true},"memory_limit_mb":{"type":"number","description":"The maximum amount of memory that can be used by this cloud zone. Default is 0 (unlimited memory).","description_kind":"plain","optional":true},"priority":{"type":"number","description":"The priority of this zone in the current project. Lower numbers mean higher priority. Default is 0 (highest)","description_kind":"plain","optional":true},"storage_limit_gb":{"type":"number","description":"Upper limit on storage that can be requested from a cloud zone which is part of this project. Default is 0 (unlimited storage). Supported only for vSphere cloud zones.","description_kind":"plain","optional":true},"zone_id":{"type":"string","description":"The Cloud Zone Id","description_kind":"plain","required":true}},"description":"List of configurations for zone assignment to a project.","description_kind":"plain"}}},"description_kind":"plain"}},"vra_storage_profile":{"version":0,"block":{"attributes":{"created_at":{"type":"string","description_kind":"plain","computed":true},"default_item":{"type":"bool","description_kind":"plain","required":true},"description":{"type":"string","description_kind":"plain","optional":true},"disk_properties":{"type":["map","string"],"description_kind":"plain","optional":true,"computed":true},"disk_target_properties":{"type":["map","string"],"description_kind":"plain","optional":true,"computed":true},"external_region_id":{"type":"string","description_kind":"plain","computed":true},"id":{"type":"string","description_kind":"plain","optional":true,"computed":true},"links":{"type":["set",["object",{"href":"string","hrefs":["list","string"],"rel":"string"}]],"description_kind":"plain","computed":true},"name":{"type":"string","description_kind":"plain","required":true},"organization_id":{"type":"string","description_kind":"plain","computed":true},"owner":{"type":"string","description_kind":"plain","computed":true},"region_id":{"type":"string","description_kind":"plain","required":true},"supports_encryption":{"type":"bool","description_kind":"plain","optional":true,"computed":true},"updated_at":{"type":"string","description_kind":"plain","computed":true}},"block_types":{"tags":{"nesting_mode":"set","block":{"attributes":{"key":{"type":"string","description_kind":"plain","required":true},"value":{"type":"string","description_kind":"plain","required":true}},"description_kind":"plain"}}},"description_kind":"plain"}},"vra_storage_profile_aws":{"version":0,"block":{"attributes":{"created_at":{"type":"string","description_kind":"plain","computed":true},"default_item":{"type":"bool","description_kind":"plain","required":true},"description":{"type":"string","description_kind":"plain","optional":true,"computed":true},"device_type":{"type":"string","description_kind":"plain","optional":true,"computed":true},"external_region_id":{"type":"string","description_kind":"plain","computed":true},"id":{"type":"string","description_kind":"plain","optional":true,"computed":true},"iops":{"type":"string","description_kind":"plain","optional":true,"computed":true},"links":{"type":["set",["object",{"href":"string","hrefs":["list","string"],"rel":"string"}]],"description_kind":"plain","computed":true},"name":{"type":"string","description_kind":"plain","required":true},"organization_id":{"type":"string","description_kind":"plain","computed":true},"owner":{"type":"string","description_kind":"plain","computed":true},"region_id":{"type":"string","description_kind":"plain","required":true},"supports_encryption":{"type":"bool","description_kind":"plain","optional":true,"computed":true},"updated_at":{"type":"string","description_kind":"plain","computed":true},"volume_type":{"type":"string","description_kind":"plain","optional":true,"computed":true}},"block_types":{"tags":{"nesting_mode":"set","block":{"attributes":{"key":{"type":"string","description_kind":"plain","required":true},"value":{"type":"string","description_kind":"plain","required":true}},"description_kind":"plain"}}},"description_kind":"plain"}},"vra_storage_profile_azure":{"version":0,"block":{"attributes":{"created_at":{"type":"string","description_kind":"plain","computed":true},"data_disk_caching":{"type":"string","description_kind":"plain","optional":true,"computed":true},"default_item":{"type":"bool","description_kind":"plain","required":true},"description":{"type":"string","description_kind":"plain","optional":true,"computed":true},"disk_type":{"type":"string","description_kind":"plain","optional":true,"computed":true},"external_region_id":{"type":"string","description_kind":"plain","computed":true},"id":{"type":"string","description_kind":"plain","optional":true,"computed":true},"links":{"type":["set",["object",{"href":"string","hrefs":["list","string"],"rel":"string"}]],"description_kind":"plain","computed":true},"name":{"type":"string","description_kind":"plain","required":true},"organization_id":{"type":"string","description_kind":"plain","computed":true},"os_disk_caching":{"type":"string","description_kind":"plain","optional":true,"computed":true},"owner":{"type":"string","description_kind":"plain","computed":true},"region_id":{"type":"string","description_kind":"plain","required":true},"storage_account_id":{"type":"string","description_kind":"plain","optional":true,"computed":true},"supports_encryption":{"type":"bool","description_kind":"plain","optional":true,"computed":true},"updated_at":{"type":"string","description_kind":"plain","computed":true}},"block_types":{"tags":{"nesting_mode":"set","block":{"attributes":{"key":{"type":"string","description_kind":"plain","required":true},"value":{"type":"string","description_kind":"plain","required":true}},"description_kind":"plain"}}},"description_kind":"plain"}},"vra_zone":{"version":0,"block":{"attributes":{"description":{"type":"string","description_kind":"plain","optional":true},"id":{"type":"string","description_kind":"plain","optional":true,"computed":true},"name":{"type":"string","description_kind":"plain","required":true},"placement_policy":{"type":"string","description_kind":"plain","optional":true},"region_id":{"type":"string","description_kind":"plain","required":true}},"block_types":{"tags":{"nesting_mode":"set","block":{"attributes":{"key":{"type":"string","description_kind":"plain","required":true},"value":{"type":"string","description_kind":"plain","required":true}},"description_kind":"plain"}},"tags_to_match":{"nesting_mode":"set","block":{"attributes":{"key":{"type":"string","description_kind":"plain","required":true},"value":{"type":"string","description_kind":"plain","required":true}},"description_kind":"plain"}}},"description_kind":"plain"}}},"data_source_schemas":{"vra_block_device":{"version":0,"block":{"attributes":{"capacity_in_gb":{"type":"number","description_kind":"plain","computed":true},"cloud_account_ids":{"type":["list","string"],"description_kind":"plain","computed":true},"created_at":{"type":"string","description_kind":"plain","computed":true},"custom_properties":{"type":["map","string"],"description_kind":"plain","computed":true},"deployment_id":{"type":"string","description_kind":"plain","computed":true},"description":{"type":"string","description_kind":"plain","optional":true},"external_id":{"type":"string","description_kind":"plain","computed":true},"external_region_id":{"type":"string","description_kind":"plain","computed":true},"external_zone_id":{"type":"string","description_kind":"plain","computed":true},"filter":{"type":"string","description_kind":"plain","optional":true},"id":{"type":"string","description_kind":"plain","optional":true,"computed":true},"links":{"type":["set",["object",{"href":"string","hrefs":["list","string"],"rel":"string"}]],"description_kind":"plain","computed":true},"name":{"type":"string","description_kind":"plain","computed":true},"org_id":{"type":"string","description_kind":"plain","computed":true},"owner":{"type":"string","description_kind":"plain","computed":true},"persistent":{"type":"bool","description_kind":"plain","computed":true},"project_id":{"type":"string","description_kind":"plain","computed":true},"status":{"type":"string","description_kind":"plain","computed":true},"updated_at":{"type":"string","description_kind":"plain","computed":true}},"block_types":{"tags":{"nesting_mode":"set","block":{"attributes":{"key":{"type":"string","description_kind":"plain","required":true},"value":{"type":"string","description_kind":"plain","required":true}},"description_kind":"plain"}}},"description_kind":"plain"}},"vra_blueprint":{"version":0,"block":{"attributes":{"content":{"type":"string","description_kind":"plain","computed":true},"content_source_id":{"type":"string","description_kind":"plain","computed":true},"content_source_path":{"type":"string","description_kind":"plain","computed":true},"content_source_sync_at":{"type":"string","description_kind":"plain","computed":true},"content_source_sync_messages":{"type":["list","string"],"description_kind":"plain","computed":true},"content_source_sync_status":{"type":"string","description_kind":"plain","computed":true},"content_source_type":{"type":"string","description_kind":"plain","computed":true},"created_at":{"type":"string","description_kind":"plain","computed":true},"created_by":{"type":"string","description_kind":"plain","computed":true},"description":{"type":"string","description_kind":"plain","computed":true},"id":{"type":"string","description_kind":"plain","optional":true,"computed":true},"name":{"type":"string","description_kind":"plain","optional":true},"org_id":{"type":"string","description_kind":"plain","computed":true},"project_id":{"type":"string","description_kind":"plain","optional":true,"computed":true},"project_name":{"type":"string","description_kind":"plain","computed":true},"request_scope_org":{"type":"bool","description":"Flag to indicate blueprint can be requested from any project in org","description_kind":"plain","computed":true},"self_link":{"type":"string","description_kind":"plain","computed":true},"status":{"type":"string","description_kind":"plain","computed":true},"total_released_versions":{"type":"number","description_kind":"plain","computed":true},"total_versions":{"type":"number","description_kind":"plain","computed":true},"updated_at":{"type":"string","description_kind":"plain","computed":true},"updated_by":{"type":"string","description_kind":"plain","computed":true},"valid":{"type":"bool","description_kind":"plain","computed":true},"validation_messages":{"type":["set",["object",{"message":"string","metadata":["map","string"],"path":"string","resource_name":"string","type":"string"}]],"description_kind":"plain","computed":true}},"description_kind":"plain"}},"vra_blueprint_version":{"version":0,"block":{"attributes":{"blueprint_description":{"type":"string","description_kind":"plain","computed":true},"blueprint_id":{"type":"string","description_kind":"plain","required":true},"content":{"type":"string","description_kind":"plain","computed":true},"created_at":{"type":"string","description_kind":"plain","computed":true},"created_by":{"type":"string","description_kind":"plain","computed":true},"description":{"type":"string","description_kind":"plain","optional":true},"id":{"type":"string","description_kind":"plain","required":true},"name":{"type":"string","description_kind":"plain","computed":true},"org_id":{"type":"string","description_kind":"plain","computed":true},"project_id":{"type":"string","description_kind":"plain","computed":true},"project_name":{"type":"string","description_kind":"plain","computed":true},"status":{"type":"string","description_kind":"plain","computed":true},"updated_at":{"type":"string","description_kind":"plain","computed":true},"updated_by":{"type":"string","description_kind":"plain","computed":true},"valid":{"type":"string","description_kind":"plain","computed":true},"version":{"type":"string","description_kind":"plain","computed":true},"version_change_log":{"type":"string","description_kind":"plain","computed":true}},"description_kind":"plain"}},"vra_catalog_item":{"version":0,"block":{"attributes":{"created_at":{"type":"string","description_kind":"plain","computed":true},"created_by":{"type":"string","description_kind":"plain","computed":true},"description":{"type":"string","description_kind":"plain","computed":true},"expand_projects":{"type":"bool","description_kind":"plain","optional":true},"expand_versions":{"type":"bool","description_kind":"plain","optional":true},"id":{"type":"string","description_kind":"plain","optional":true,"computed":true},"last_updated_at":{"type":"string","description_kind":"plain","computed":true},"last_updated_by":{"type":"string","description_kind":"plain","computed":true},"name":{"type":"string","description_kind":"plain","optional":true,"computed":true},"project_ids":{"type":["list","string"],"description_kind":"plain","computed":true},"projects":{"type":["set",["object",{"id":"string","link":"string","name":"string"}]],"description_kind":"plain","computed":true},"schema":{"type":"string","description_kind":"plain","computed":true},"source_id":{"type":"string","description_kind":"plain","computed":true},"source_name":{"type":"string","description_kind":"plain","computed":true},"type":{"type":["set",["object",{"id":"string","link":"string","name":"string"}]],"description_kind":"plain","computed":true},"versions":{"type":["set",["object",{"created_at":"string","description":"string","id":"string"}]],"description_kind":"plain","computed":true}},"description_kind":"plain"}},"vra_catalog_source_blueprint":{"version":0,"block":{"attributes":{"config":{"type":["map","string"],"description_kind":"plain","optional":true,"computed":true},"created_at":{"type":"string","description_kind":"plain","computed":true},"created_by":{"type":"string","description_kind":"plain","computed":true},"description":{"type":"string","description_kind":"plain","optional":true},"global":{"type":"bool","description_kind":"plain","computed":true},"id":{"type":"string","description_kind":"plain","optional":true},"items_found":{"type":"string","description_kind":"plain","computed":true},"items_imported":{"type":"string","description_kind":"plain","computed":true},"last_import_completed_at":{"type":"string","description_kind":"plain","computed":true},"last_import_errors":{"type":["list","string"],"description_kind":"plain","computed":true},"last_import_started_at":{"type":"string","description_kind":"plain","computed":true},"last_updated_by":{"type":"string","description_kind":"plain","computed":true},"name":{"type":"string","description_kind":"plain","optional":true,"computed":true},"project_id":{"type":"string","description_kind":"plain","optional":true,"computed":true},"type_id":{"type":"string","description_kind":"plain","computed":true}},"description_kind":"plain"}},"vra_catalog_source_entitlement":{"version":0,"block":{"attributes":{"catalog_source_id":{"type":"string","description_kind":"plain","optional":true},"definition":{"type":["set",["object",{"description":"string","id":"string","name":"string","number_of_items":"number","source_type":"string","type":"string"}]],"description_kind":"plain","computed":true},"id":{"type":"string","description_kind":"plain","optional":true},"project_id":{"type":"string","description_kind":"plain","required":true}},"description_kind":"plain"}},"vra_cloud_account_aws":{"version":0,"block":{"attributes":{"access_key":{"type":"string","description_kind":"plain","computed":true},"description":{"type":"string","description_kind":"plain","computed":true},"id":{"type":"string","description_kind":"plain","optional":true,"computed":true},"name":{"type":"string","description_kind":"plain","optional":true,"computed":true}},"description_kind":"plain"}},"vra_cloud_account_azure":{"version":0,"block":{"attributes":{"application_id":{"type":"string","description_kind":"plain","computed":true},"description":{"type":"string","description_kind":"plain","computed":true},"id":{"type":"string","description_kind":"plain","optional":true,"computed":true},"name":{"type":"string","description_kind":"plain","optional":true,"computed":true},"subscription_id":{"type":"string","description_kind":"plain","computed":true},"tenant_id":{"type":"string","description_kind":"plain","computed":true}},"description_kind":"plain"}},"vra_cloud_account_gcp":{"version":0,"block":{"attributes":{"client_email":{"type":"string","description_kind":"plain","computed":true},"description":{"type":"string","description_kind":"plain","computed":true},"id":{"type":"string","description_kind":"plain","optional":true,"computed":true},"name":{"type":"string","description_kind":"plain","optional":true,"computed":true},"private_key_id":{"type":"string","description_kind":"plain","computed":true},"project_id":{"type":"string","description_kind":"plain","computed":true},"regions":{"type":["list","string"],"description_kind":"plain","computed":true}},"block_types":{"tags":{"nesting_mode":"set","block":{"attributes":{"key":{"type":"string","description_kind":"plain","required":true},"value":{"type":"string","description_kind":"plain","required":true}},"description_kind":"plain"}}},"description_kind":"plain"}},"vra_cloud_account_nsxt":{"version":0,"block":{"attributes":{"associated_cloud_account_ids":{"type":["list","string"],"description_kind":"plain","computed":true},"dc_id":{"type":"string","description_kind":"plain","computed":true},"description":{"type":"string","description_kind":"plain","computed":true},"hostname":{"type":"string","description_kind":"plain","computed":true},"id":{"type":"string","description_kind":"plain","optional":true,"computed":true},"name":{"type":"string","description_kind":"plain","optional":true,"computed":true},"username":{"type":"string","description_kind":"plain","computed":true}},"block_types":{"tags":{"nesting_mode":"set","block":{"attributes":{"key":{"type":"string","description_kind":"plain","required":true},"value":{"type":"string","description_kind":"plain","required":true}},"description_kind":"plain"}}},"description_kind":"plain"}},"vra_cloud_account_nsxv":{"version":0,"block":{"attributes":{"associated_cloud_account_ids":{"type":["list","string"],"description_kind":"plain","computed":true},"dc_id":{"type":"string","description_kind":"plain","computed":true},"description":{"type":"string","description_kind":"plain","computed":true},"hostname":{"type":"string","description_kind":"plain","computed":true},"id":{"type":"string","description_kind":"plain","optional":true,"computed":true},"name":{"type":"string","description_kind":"plain","optional":true,"computed":true},"username":{"type":"string","description_kind":"plain","computed":true}},"block_types":{"tags":{"nesting_mode":"set","block":{"attributes":{"key":{"type":"string","description_kind":"plain","required":true},"value":{"type":"string","description_kind":"plain","required":true}},"description_kind":"plain"}}},"description_kind":"plain"}},"vra_cloud_account_vmc":{"version":0,"block":{"attributes":{"dc_id":{"type":"string","description_kind":"plain","computed":true},"description":{"type":"string","description_kind":"plain","computed":true},"id":{"type":"string","description_kind":"plain","optional":true,"computed":true},"name":{"type":"string","description_kind":"plain","optional":true,"computed":true},"nsx_hostname":{"type":"string","description_kind":"plain","computed":true},"regions":{"type":["list","string"],"description_kind":"plain","computed":true},"sddc_name":{"type":"string","description_kind":"plain","computed":true},"vcenter_hostname":{"type":"string","description_kind":"plain","computed":true},"vcenter_username":{"type":"string","description_kind":"plain","computed":true}},"block_types":{"tags":{"nesting_mode":"set","block":{"attributes":{"key":{"type":"string","description_kind":"plain","required":true},"value":{"type":"string","description_kind":"plain","required":true}},"description_kind":"plain"}}},"description_kind":"plain"}},"vra_cloud_account_vsphere":{"version":0,"block":{"attributes":{"associated_cloud_account_ids":{"type":["list","string"],"description_kind":"plain","computed":true},"created_at":{"type":"string","description_kind":"plain","computed":true},"custom_properties":{"type":["map","string"],"description_kind":"plain","computed":true},"dcid":{"type":"string","description_kind":"plain","computed":true},"description":{"type":"string","description_kind":"plain","computed":true},"enabled_region_ids":{"type":["list","string"],"description_kind":"plain","computed":true},"hostname":{"type":"string","description_kind":"plain","optional":true,"computed":true},"id":{"type":"string","description_kind":"plain","optional":true,"computed":true},"name":{"type":"string","description_kind":"plain","optional":true,"computed":true},"org_id":{"type":"string","description_kind":"plain","computed":true},"owner":{"type":"string","description_kind":"plain","computed":true},"updated_at":{"type":"string","description_kind":"plain","computed":true},"username":{"type":"string","description_kind":"plain","optional":true,"computed":true}},"block_types":{"tags":{"nesting_mode":"set","block":{"attributes":{"key":{"type":"string","description_kind":"plain","required":true},"value":{"type":"string","description_kind":"plain","required":true}},"description_kind":"plain"}}},"description_kind":"plain"}},"vra_data_collector":{"version":0,"block":{"attributes":{"hostname":{"type":"string","description_kind":"plain","computed":true},"id":{"type":"string","description_kind":"plain","optional":true,"computed":true},"ip_address":{"type":"string","description_kind":"plain","computed":true},"name":{"type":"string","description_kind":"plain","required":true},"status":{"type":"string","description_kind":"plain","computed":true}},"description_kind":"plain"}},"vra_deployment":{"version":0,"block":{"attributes":{"blueprint_content":{"type":"string","description_kind":"plain","optional":true,"computed":true},"blueprint_id":{"type":"string","description_kind":"plain","optional":true,"computed":true},"blueprint_version":{"type":"string","description_kind":"plain","optional":true,"computed":true},"catalog_item_id":{"type":"string","description_kind":"plain","optional":true,"computed":true},"catalog_item_version":{"type":"string","description_kind":"plain","optional":true,"computed":true},"created_at":{"type":"string","description_kind":"plain","optional":true,"computed":true},"created_by":{"type":"string","description_kind":"plain","optional":true,"computed":true},"description":{"type":"string","description_kind":"plain","optional":true,"computed":true},"expand_last_request":{"type":"bool","description_kind":"plain","optional":true},"expand_project":{"type":"bool","description_kind":"plain","optional":true},"expand_resources":{"type":"bool","description_kind":"plain","optional":true},"expense":{"type":["set",["object",{"additional_expense":"number","code":"string","compute_expense":"number","last_update_time":"string","message":"string","network_expense":"number","storage_expense":"number","total_expense":"number","unit":"string"}]],"description_kind":"plain","computed":true},"id":{"type":"string","description_kind":"plain","optional":true,"computed":true},"inputs":{"type":["map","string"],"description_kind":"plain","optional":true,"computed":true},"last_request":{"type":["list",["object",{"action_id":"string","approved_at":"string","blueprint_id":"string","cancelable":"bool","catalog_item_id":"string","completed_at":"string","completed_tasks":"number","created_at":"string","deployment_id":"string","details":"string","dismissed":"bool","id":"string","initialized_at":"string","inputs":["map","string"],"name":"string","parent_id":"string","requested_by":"string","resource_name":"string","resource_type":"string","status":"string","total_tasks":"number","updated_at":"string"}]],"description_kind":"plain","computed":true},"last_updated_at":{"type":"string","description_kind":"plain","optional":true,"computed":true},"last_updated_by":{"type":"string","description_kind":"plain","optional":true,"computed":true},"lease_expire_at":{"type":"string","description_kind":"plain","optional":true,"computed":true},"name":{"type":"string","description_kind":"plain","optional":true,"computed":true},"project":{"type":["set",["object",{"id":"string","link":"string","name":"string"}]],"description_kind":"plain","computed":true},"project_id":{"type":"string","description_kind":"plain","optional":true,"computed":true},"resources":{"type":["list",["object",{"created_at":"string","depends_on":["list","string"],"description":"string","expense":["set",["object",{"additional_expense":"number","code":"string","compute_expense":"number","last_update_time":"string","message":"string","network_expense":"number","storage_expense":"number","total_expense":"number","unit":"string"}]],"id":"string","name":"string","properties_json":"string","state":"string","sync_status":"string","type":"string"}]],"description_kind":"plain","computed":true},"status":{"type":"string","description_kind":"plain","optional":true,"computed":true}},"description_kind":"plain"}},"vra_fabric_network":{"version":0,"block":{"attributes":{"cidr":{"type":"string","description_kind":"plain","computed":true},"cloud_account_ids":{"type":["list","string"],"description_kind":"plain","computed":true},"created_at":{"type":"string","description_kind":"plain","computed":true},"description":{"type":"string","description_kind":"plain","computed":true},"external_id":{"type":"string","description_kind":"plain","computed":true},"external_region_id":{"type":"string","description_kind":"plain","computed":true},"filter":{"type":"string","description_kind":"plain","required":true},"id":{"type":"string","description_kind":"plain","optional":true,"computed":true},"is_default":{"type":"bool","description_kind":"plain","computed":true},"is_public":{"type":"bool","description_kind":"plain","computed":true},"links":{"type":["set",["object",{"href":"string","hrefs":["list","string"],"rel":"string"}]],"description_kind":"plain","computed":true},"name":{"type":"string","description_kind":"plain","computed":true},"organization_id":{"type":"string","description_kind":"plain","computed":true},"owner":{"type":"string","description_kind":"plain","computed":true},"updated_at":{"type":"string","description_kind":"plain","computed":true}},"block_types":{"tags":{"nesting_mode":"set","block":{"attributes":{"key":{"type":"string","description_kind":"plain","required":true},"value":{"type":"string","description_kind":"plain","required":true}},"description_kind":"plain"}}},"description_kind":"plain"}},"vra_image":{"version":0,"block":{"attributes":{"description":{"type":"string","description_kind":"plain","computed":true},"external_id":{"type":"string","description_kind":"plain","computed":true},"filter":{"type":"string","description_kind":"plain","required":true},"id":{"type":"string","description_kind":"plain","computed":true},"name":{"type":"string","description_kind":"plain","computed":true},"private":{"type":"bool","description_kind":"plain","computed":true},"region":{"type":"string","description_kind":"plain","computed":true}},"description_kind":"plain"}},"vra_image_profile":{"version":0,"block":{"attributes":{"created_at":{"type":"string","description":"Date when the entity was created. The date is in ISO 8601 and UTC.","description_kind":"plain","computed":true},"description":{"type":"string","description":"A human-friendly description.","description_kind":"plain","optional":true},"external_region_id":{"type":"string","description":"The id of the region for which this profile is defined as in the cloud provider.","description_kind":"plain","computed":true},"filter":{"type":"string","description":"Filter query string that is supported by vRA multi-cloud IaaS API. Example: regionId eq '\u003cregionId\u003e' and cloudAccountId eq '\u003ccloudAccountId\u003e'. Only one of 'filter', 'id', 'name' or 'region_id' must be specified.","description_kind":"plain","optional":true},"id":{"type":"string","description":"The id of the image profile instance.  Only one of 'filter', 'id', 'name' or 'region_id' must be specified.","description_kind":"plain","optional":true,"computed":true},"name":{"type":"string","description":"A human-friendly name used as an identifier in APIs that support this option.  Only one of 'filter', 'id', 'name' or 'region_id' must be specified.","description_kind":"plain","optional":true,"computed":true},"owner":{"type":"string","description":"Email of the user that owns the entity.","description_kind":"plain","computed":true},"region_id":{"type":"string","description":"The id of the region for which this profile is defined as in vRealize Automation(vRA).  Only one of 'filter', 'id', 'name' or 'region_id' must be specified.","description_kind":"plain","optional":true,"computed":true},"updated_at":{"type":"string","description":"Date when the entity was last updated. The date is ISO 8601 and UTC.","description_kind":"plain","computed":true}},"block_types":{"image_mapping":{"nesting_mode":"set","block":{"attributes":{"cloud_config":{"type":"string","description":"Cloud config for this image. This cloud config will be merged during provisioning with other cloud configurations such as the bootConfig provided in MachineSpecification or vRA cloud templates.","description_kind":"plain","optional":true},"description":{"type":"string","description":"A human-friendly description.","description_kind":"plain","computed":true},"external_id":{"type":"string","description":"External entity id on the cloud provider side.","description_kind":"plain","computed":true},"external_region_id":{"type":"string","description":"External region id on the cloud provider side.","description_kind":"plain","computed":true},"image_id":{"type":"string","description":"The id of this resource instance.","description_kind":"plain","optional":true},"image_name":{"type":"string","description":"A human-friendly image name as seen on the cloud provider side.","description_kind":"plain","optional":true},"name":{"type":"string","description":"A human-friendly name of the image mapping.","description_kind":"plain","required":true},"organization":{"type":"string","description":"A human-friendly description.","description_kind":"plain","computed":true},"os_family":{"type":"string","description":"Operating system family of the image.","description_kind":"plain","computed":true},"owner":{"type":"string","description":"Email of the user that owns the entity.","description_kind":"plain","computed":true},"private":{"type":"bool","description":"Indicates whether this fabric image is private. For vSphere, private images are considered to be templates and snapshots and public are Content Library items.","description_kind":"plain","computed":true}},"block_types":{"constraints":{"nesting_mode":"set","block":{"attributes":{"expression":{"type":"string","description":"An expression of the form \"[!]tag-key[:[tag-value]]\", used to indicate a constraint match on keys and values of tags.","description_kind":"plain","required":true},"mandatory":{"type":"bool","description":"Indicates whether this constraint should be strictly enforced or not.","description_kind":"plain","required":true}},"description":"Constraints that are used to drive placement policies for entities such as image, network, storage, etc. Constraint expressions are matched against tags on existing placement targets.","description_kind":"plain"}}},"description_kind":"plain"}}},"description_kind":"plain"}},"vra_machine":{"version":0,"block":{"attributes":{"address":{"type":"string","description_kind":"plain","computed":true},"cloud_account_ids":{"type":["list","string"],"description_kind":"plain","computed":true},"created_at":{"type":"string","description_kind":"plain","computed":true},"custom_properties":{"type":["map","string"],"description_kind":"plain","computed":true},"deployment_id":{"type":"string","description_kind":"plain","computed":true},"description":{"type":"string","description_kind":"plain","optional":true},"external_id":{"type":"string","description_kind":"plain","computed":true},"external_region_id":{"type":"string","description_kind":"plain","computed":true},"external_zone_id":{"type":"string","description_kind":"plain","computed":true},"filter":{"type":"string","description_kind":"plain","optional":true},"id":{"type":"string","description_kind":"plain","optional":true,"computed":true},"links":{"type":["set",["object",{"href":"string","hrefs":["list","string"],"rel":"string"}]],"description_kind":"plain","computed":true},"name":{"type":"string","description_kind":"plain","computed":true},"org_id":{"type":"string","description_kind":"plain","computed":true},"owner":{"type":"string","description_kind":"plain","computed":true},"power_state":{"type":"string","description_kind":"plain","computed":true},"project_id":{"type":"string","description_kind":"plain","computed":true},"updated_at":{"type":"string","description_kind":"plain","computed":true}},"block_types":{"tags":{"nesting_mode":"set","block":{"attributes":{"key":{"type":"string","description_kind":"plain","required":true},"value":{"type":"string","description_kind":"plain","required":true}},"description_kind":"plain"}}},"description_kind":"plain"}},"vra_network":{"version":0,"block":{"attributes":{"cidr":{"type":"string","description_kind":"plain","computed":true},"custom_properties":{"type":["map","string"],"description_kind":"plain","computed":true},"deployment_id":{"type":"string","description_kind":"plain","computed":true},"description":{"type":"string","description_kind":"plain","computed":true},"external_id":{"type":"string","description_kind":"plain","computed":true},"external_zone_id":{"type":"string","description_kind":"plain","computed":true},"id":{"type":"string","description_kind":"plain","optional":true,"computed":true},"links":{"type":["set",["object",{"href":"string","hrefs":["list","string"],"rel":"string"}]],"description_kind":"plain","computed":true},"name":{"type":"string","description_kind":"plain","optional":true,"computed":true},"organization_id":{"type":"string","description_kind":"plain","computed":true},"outbound_access":{"type":"bool","description_kind":"plain","computed":true},"owner":{"type":"string","description_kind":"plain","computed":true},"project_id":{"type":"string","description_kind":"plain","computed":true},"self_link":{"type":"string","description_kind":"plain","computed":true},"updated_at":{"type":"string","description_kind":"plain","computed":true}},"block_types":{"constraints":{"nesting_mode":"set","block":{"attributes":{"expression":{"type":"string","description":"An expression of the form \"[!]tag-key[:[tag-value]]\", used to indicate a constraint match on keys and values of tags.","description_kind":"plain","required":true},"mandatory":{"type":"bool","description":"Indicates whether this constraint should be strictly enforced or not.","description_kind":"plain","required":true}},"description":"Constraints that are used to drive placement policies for entities such as image, network, storage, etc. Constraint expressions are matched against tags on existing placement targets.","description_kind":"plain"}},"tags":{"nesting_mode":"set","block":{"attributes":{"key":{"type":"string","description_kind":"plain","required":true},"value":{"type":"string","description_kind":"plain","required":true}},"description_kind":"plain"}}},"description_kind":"plain"}},"vra_network_domain":{"version":0,"block":{"attributes":{"cidr":{"type":"string","description_kind":"plain","computed":true},"cloud_account_ids":{"type":["list","string"],"description_kind":"plain","computed":true},"created_at":{"type":"string","description_kind":"plain","computed":true},"custom_properties":{"type":["map","string"],"description_kind":"plain","computed":true},"description":{"type":"string","description_kind":"plain","computed":true},"external_id":{"type":"string","description_kind":"plain","computed":true},"external_region_id":{"type":"string","description_kind":"plain","computed":true},"filter":{"type":"string","description_kind":"plain","required":true},"id":{"type":"string","description_kind":"plain","optional":true,"computed":true},"links":{"type":["set",["object",{"href":"string","hrefs":["list","string"],"rel":"string"}]],"description_kind":"plain","computed":true},"name":{"type":"string","description_kind":"plain","computed":true},"organization_id":{"type":"string","description_kind":"plain","computed":true},"owner":{"type":"string","description_kind":"plain","computed":true},"updated_at":{"type":"string","description_kind":"plain","computed":true}},"block_types":{"tags":{"nesting_mode":"set","block":{"attributes":{"key":{"type":"string","description_kind":"plain","required":true},"value":{"type":"string","description_kind":"plain","required":true}},"description_kind":"plain"}}},"description_kind":"plain"}},"vra_network_profile":{"version":0,"block":{"attributes":{"custom_properties":{"type":["map","string"],"description_kind":"plain","computed":true},"description":{"type":"string","description_kind":"plain","computed":true},"external_region_id":{"type":"string","description_kind":"plain","computed":true},"fabric_network_ids":{"type":["list","string"],"description_kind":"plain","computed":true},"filter":{"type":"string","description_kind":"plain","optional":true},"id":{"type":"string","description_kind":"plain","optional":true,"computed":true},"isolated_external_fabric_network_id":{"type":"string","description_kind":"plain","optional":true},"isolated_network_cidr_prefix":{"type":"number","description_kind":"plain","computed":true},"isolated_network_domain_cidr":{"type":"string","description_kind":"plain","computed":true},"isolated_network_domain_id":{"type":"string","description_kind":"plain","optional":true},"isolation_type":{"type":"string","description_kind":"plain","computed":true},"links":{"type":["set",["object",{"href":"string","hrefs":["list","string"],"rel":"string"}]],"description_kind":"plain","computed":true},"name":{"type":"string","description_kind":"plain","computed":true},"organization_id":{"type":"string","description_kind":"plain","computed":true},"owner":{"type":"string","description_kind":"plain","computed":true},"region_id":{"type":"string","description_kind":"plain","computed":true},"security_group_ids":{"type":["list","string"],"description_kind":"plain","computed":true},"updated_at":{"type":"string","description_kind":"plain","computed":true}},"block_types":{"tags":{"nesting_mode":"set","block":{"attributes":{"key":{"type":"string","description_kind":"plain","required":true},"value":{"type":"string","description_kind":"plain","required":true}},"description_kind":"plain"}}},"description_kind":"plain"}},"vra_project":{"version":0,"block":{"attributes":{"administrators":{"type":["set","string"],"description":"List of administrator users associated with the project. Only administrators can manage project's configuration.","description_kind":"plain","optional":true,"computed":true},"description":{"type":"string","description":"A human-friendly description.","description_kind":"plain","optional":true,"computed":true},"id":{"type":"string","description":"The id of this project resource.","description_kind":"plain","optional":true,"computed":true},"machine_naming_template":{"type":"string","description":"The naming template to be used for resources provisioned in this project.","description_kind":"plain","optional":true},"members":{"type":["set","string"],"description":"List of member users associated with the project.","description_kind":"plain","optional":true,"computed":true},"name":{"type":"string","description":"A human-friendly name used as an identifier in APIs that support this option.","description_kind":"plain","optional":true,"computed":true},"operation_timeout":{"type":"number","description":"The timeout that should be used for Blueprint operations and Provisioning tasks. The timeout is in seconds.","description_kind":"plain","optional":true},"shared_resources":{"type":"bool","description":"Specifies whether the resources in this projects are shared or not. If not set default will be used.","description_kind":"plain","optional":true,"computed":true},"viewers":{"type":["set","string"],"description":"List of viewer users associated with the project.","description_kind":"plain","optional":true,"computed":true}},"block_types":{"constraints":{"nesting_mode":"set","block":{"block_types":{"extensibility":{"nesting_mode":"set","block":{"attributes":{"expression":{"type":"string","description":"An expression of the form \"[!]tag-key[:[tag-value]]\", used to indicate a constraint match on keys and values of tags.","description_kind":"plain","required":true},"mandatory":{"type":"bool","description":"Indicates whether this constraint should be strictly enforced or not.","description_kind":"plain","required":true}},"description":"Constraints that are used to drive placement policies for entities such as image, network, storage, etc. Constraint expressions are matched against tags on existing placement targets.","description_kind":"plain"}},"network":{"nesting_mode":"set","block":{"attributes":{"expression":{"type":"string","description":"An expression of the form \"[!]tag-key[:[tag-value]]\", used to indicate a constraint match on keys and values of tags.","description_kind":"plain","required":true},"mandatory":{"type":"bool","description":"Indicates whether this constraint should be strictly enforced or not.","description_kind":"plain","required":true}},"description":"Constraints that are used to drive placement policies for entities such as image, network, storage, etc. Constraint expressions are matched against tags on existing placement targets.","description_kind":"plain"}},"storage":{"nesting_mode":"set","block":{"attributes":{"expression":{"type":"string","description":"An expression of the form \"[!]tag-key[:[tag-value]]\", used to indicate a constraint match on keys and values of tags.","description_kind":"plain","required":true},"mandatory":{"type":"bool","description":"Indicates whether this constraint should be strictly enforced or not.","description_kind":"plain","required":true}},"description":"Constraints that are used to drive placement policies for entities such as image, network, storage, etc. Constraint expressions are matched against tags on existing placement targets.","description_kind":"plain"}}},"description":"List of storage, network and extensibility constraints to be applied when provisioning through this project.","description_kind":"plain"},"max_items":1},"zone_assignments":{"nesting_mode":"set","block":{"attributes":{"cpu_limit":{"type":"number","description":"The maximum amount of cpus that can be used by this cloud zone. Default is 0 (unlimited cpu).","description_kind":"plain","optional":true,"computed":true},"max_instances":{"type":"number","description":"The maximum number of instances that can be provisioned in this cloud zone. Default is 0 (unlimited instances)","description_kind":"plain","optional":true,"computed":true},"memory_limit_mb":{"type":"number","description":"The maximum amount of memory that can be used by this cloud zone. Default is 0 (unlimited memory).","description_kind":"plain","optional":true,"computed":true},"priority":{"type":"number","description":"The priority of this zone in the current project. Lower numbers mean higher priority. Default is 0 (highest)","description_kind":"plain","optional":true,"computed":true},"storage_limit_gb":{"type":"number","description":"Upper limit on storage that can be requested from a cloud zone which is part of this project. Default is 0 (unlimited storage). Supported only for vSphere cloud zones.","description_kind":"plain","optional":true,"computed":true},"zone_id":{"type":"string","description":"The Cloud Zone Id","description_kind":"plain","computed":true}},"description":"List of configurations for zone assignment to a project.","description_kind":"plain"}}},"description_kind":"plain"}},"vra_region":{"version":0,"block":{"attributes":{"cloud_account_id":{"type":"string","description_kind":"plain","required":true},"id":{"type":"string","description_kind":"plain","optional":true,"computed":true},"region":{"type":"string","description_kind":"plain","required":true}},"description_kind":"plain"}},"vra_region_enumeration":{"version":0,"block":{"attributes":{"accept_self_signed_cert":{"type":"bool","description_kind":"plain","optional":true},"dcid":{"type":"string","description_kind":"plain","optional":true},"hostname":{"type":"string","description_kind":"plain","required":true},"id":{"type":"string","description_kind":"plain","optional":true,"computed":true},"password":{"type":"string","description_kind":"plain","required":true,"sensitive":true},"regions":{"type":["list","string"],"description_kind":"plain","computed":true},"username":{"type":"string","description_kind":"plain","required":true}},"description_kind":"plain","deprecated":true}},"vra_region_enumeration_aws":{"version":0,"block":{"attributes":{"access_key":{"type":"string","description_kind":"plain","optional":true},"id":{"type":"string","description_kind":"plain","optional":true,"computed":true},"regions":{"type":["list","string"],"description_kind":"plain","computed":true},"secret_key":{"type":"string","description_kind":"plain","required":true,"sensitive":true}},"description_kind":"plain"}},"vra_region_enumeration_azure":{"version":0,"block":{"attributes":{"application_id":{"type":"string","description_kind":"plain","required":true},"application_key":{"type":"string","description_kind":"plain","required":true,"sensitive":true},"id":{"type":"string","description_kind":"plain","optional":true,"computed":true},"regions":{"type":["list","string"],"description_kind":"plain","computed":true},"subscription_id":{"type":"string","description_kind":"plain","required":true},"tenant_id":{"type":"string","description_kind":"plain","required":true}},"description_kind":"plain"}},"vra_region_enumeration_gcp":{"version":0,"block":{"attributes":{"client_email":{"type":"string","description_kind":"plain","required":true},"id":{"type":"string","description_kind":"plain","optional":true,"computed":true},"private_key":{"type":"string","description_kind":"plain","required":true,"sensitive":true},"private_key_id":{"type":"string","description_kind":"plain","required":true},"project_id":{"type":"string","description_kind":"plain","required":true},"regions":{"type":["list","string"],"description_kind":"plain","computed":true}},"description_kind":"plain"}},"vra_region_enumeration_vmc":{"version":0,"block":{"attributes":{"accept_self_signed_cert":{"type":"bool","description_kind":"plain","optional":true},"api_token":{"type":"string","description_kind":"plain","required":true},"dc_id":{"type":"string","description_kind":"plain","optional":true},"id":{"type":"string","description_kind":"plain","optional":true,"computed":true},"regions":{"type":["list","string"],"description_kind":"plain","computed":true},"sddc_name":{"type":"string","description_kind":"plain","required":true},"vcenter_hostname":{"type":"string","description_kind":"plain","required":true},"vcenter_password":{"type":"string","description_kind":"plain","required":true,"sensitive":true},"vcenter_username":{"type":"string","description_kind":"plain","required":true}},"description_kind":"plain"}},"vra_region_enumeration_vsphere":{"version":0,"block":{"attributes":{"accept_self_signed_cert":{"type":"bool","description_kind":"plain","optional":true},"dcid":{"type":"string","description_kind":"plain","optional":true},"hostname":{"type":"string","description_kind":"plain","required":true},"id":{"type":"string","description_kind":"plain","optional":true,"computed":true},"password":{"type":"string","description_kind":"plain","required":true,"sensitive":true},"regions":{"type":["list","string"],"description_kind":"plain","computed":true},"username":{"type":"string","description_kind":"plain","required":true}},"description_kind":"plain"}},"vra_security_group":{"version":0,"block":{"attributes":{"created_at":{"type":"string","description_kind":"plain","computed":true},"description":{"type":"string","description_kind":"plain","computed":true},"external_id":{"type":"string","description_kind":"plain","computed":true},"external_region_id":{"type":"string","description_kind":"plain","computed":true},"filter":{"type":"string","description_kind":"plain","required":true},"id":{"type":"string","description_kind":"plain","computed":true},"links":{"type":["set",["object",{"href":"string","hrefs":["list","string"],"rel":"string"}]],"description_kind":"plain","computed":true},"name":{"type":"string","description_kind":"plain","computed":true},"organization_id":{"type":"string","description_kind":"plain","computed":true},"owner":{"type":"string","description_kind":"plain","computed":true},"updated_at":{"type":"string","description_kind":"plain","computed":true}},"block_types":{"rules":{"nesting_mode":"set","block":{"attributes":{"access":{"type":"string","description_kind":"plain","required":true},"direction":{"type":"string","description_kind":"plain","required":true},"ip_range_cidr":{"type":"number","description_kind":"plain","required":true},"name":{"type":"string","description_kind":"plain","optional":true},"ports":{"type":"string","description_kind":"plain","required":true},"protocol":{"type":"string","description_kind":"plain","required":true},"service":{"type":"string","description_kind":"plain","optional":true}},"description_kind":"plain"}}},"description_kind":"plain"}},"vra_storage_profile":{"version":0,"block":{"attributes":{"created_at":{"type":"string","description_kind":"plain","computed":true},"default_item":{"type":"bool","description_kind":"plain","optional":true},"description":{"type":"string","description_kind":"plain","computed":true},"disk_properties":{"type":["map","string"],"description_kind":"plain","computed":true},"external_region_id":{"type":"string","description_kind":"plain","computed":true},"filter":{"type":"string","description_kind":"plain","optional":true},"id":{"type":"string","description_kind":"plain","optional":true,"computed":true},"links":{"type":["set",["object",{"href":"string","hrefs":["list","string"],"rel":"string"}]],"description_kind":"plain","computed":true},"name":{"type":"string","description_kind":"plain","computed":true},"org_id":{"type":"string","description_kind":"plain","computed":true},"owner":{"type":"string","description_kind":"plain","computed":true},"supports_encryption":{"type":"bool","description_kind":"plain","computed":true},"updated_at":{"type":"string","description_kind":"plain","computed":true}},"block_types":{"tags":{"nesting_mode":"set","block":{"attributes":{"key":{"type":"string","description_kind":"plain","required":true},"value":{"type":"string","description_kind":"plain","required":true}},"description_kind":"plain"}}},"description_kind":"plain"}},"vra_zone":{"version":0,"block":{"attributes":{"created_at":{"type":"string","description_kind":"plain","computed":true},"custom_properties":{"type":["map","string"],"description_kind":"plain","optional":true,"computed":true},"description":{"type":"string","description_kind":"plain","computed":true},"folder":{"type":"string","description_kind":"plain","computed":true},"id":{"type":"string","description_kind":"plain","optional":true,"computed":true},"name":{"type":"string","description_kind":"plain","optional":true,"computed":true},"org_id":{"type":"string","description_kind":"plain","computed":true},"owner":{"type":"string","description_kind":"plain","optional":true},"placement_policy":{"type":"string","description_kind":"plain","computed":true},"region_id":{"type":"string","description_kind":"plain","computed":true},"updated_at":{"type":"string","description_kind":"plain","computed":true}},"block_types":{"tags":{"nesting_mode":"set","block":{"attributes":{"key":{"type":"string","description_kind":"plain","required":true},"value":{"type":"string","description_kind":"plain","required":true}},"description_kind":"plain"}},"tags_to_match":{"nesting_mode":"set","block":{"attributes":{"key":{"type":"string","description_kind":"plain","required":true},"value":{"type":"string","description_kind":"plain","required":true}},"description_kind":"plain"}}},"description_kind":"plain"}}}}}}
