{"format_version":"0.1","provider_schemas":{"registry.terraform.io/ddelnano/mikrotik":{"provider":{"version":0,"block":{"attributes":{"host":{"type":"string","description":"Hostname of the mikrotik router","description_kind":"plain","required":true},"password":{"type":"string","description":"Password for mikrotik api","description_kind":"plain","required":true},"username":{"type":"string","description":"User account for mikrotik api","description_kind":"plain","required":true}},"description_kind":"plain"}},"resource_schemas":{"mikrotik_dhcp_lease":{"version":0,"block":{"attributes":{"address":{"type":"string","description_kind":"plain","required":true},"comment":{"type":"string","description_kind":"plain","optional":true},"dynamic":{"type":"bool","description_kind":"plain","optional":true},"hostname":{"type":"string","description_kind":"plain","optional":true},"id":{"type":"string","description_kind":"plain","optional":true,"computed":true},"macaddress":{"type":"string","description_kind":"plain","required":true}},"description_kind":"plain"}},"mikrotik_dns_record":{"version":0,"block":{"attributes":{"address":{"type":"string","description_kind":"plain","required":true},"id":{"type":"string","description_kind":"plain","optional":true,"computed":true},"name":{"type":"string","description_kind":"plain","required":true},"ttl":{"type":"number","description_kind":"plain","optional":true,"computed":true}},"description_kind":"plain"}},"mikrotik_scheduler":{"version":0,"block":{"attributes":{"id":{"type":"string","description_kind":"plain","optional":true,"computed":true},"interval":{"type":"number","description_kind":"plain","optional":true},"name":{"type":"string","description_kind":"plain","required":true},"on_event":{"type":"string","description_kind":"plain","required":true},"start_date":{"type":"string","description_kind":"plain","computed":true},"start_time":{"type":"string","description_kind":"plain","computed":true}},"description_kind":"plain"}},"mikrotik_script":{"version":0,"block":{"attributes":{"dont_require_permissions":{"type":"bool","description_kind":"plain","optional":true},"id":{"type":"string","description_kind":"plain","optional":true,"computed":true},"name":{"type":"string","description_kind":"plain","required":true},"owner":{"type":"string","description_kind":"plain","required":true},"policy":{"type":["list","string"],"description_kind":"plain","required":true},"source":{"type":"string","description_kind":"plain","required":true}},"description_kind":"plain"}}}}}}
