{"format_version":"0.1","provider_schemas":{"registry.terraform.io/igor-feoktistov/flexbot":{"provider":{"version":0,"block":{"attributes":{"pass_phrase":{"type":"string","description_kind":"plain","optional":true,"sensitive":true}},"block_types":{"compute":{"nesting_mode":"list","block":{"block_types":{"credentials":{"nesting_mode":"list","block":{"attributes":{"host":{"type":"string","description_kind":"plain","required":true},"password":{"type":"string","description_kind":"plain","required":true,"sensitive":true},"user":{"type":"string","description_kind":"plain","required":true}},"description_kind":"plain"},"min_items":1,"max_items":1}},"description_kind":"plain"},"min_items":1,"max_items":1},"ipam":{"nesting_mode":"list","block":{"attributes":{"dns_zone":{"type":"string","description_kind":"plain","optional":true},"provider":{"type":"string","description_kind":"plain","required":true}},"block_types":{"credentials":{"nesting_mode":"list","block":{"attributes":{"dns_view":{"type":"string","description_kind":"plain","required":true},"host":{"type":"string","description_kind":"plain","required":true},"network_view":{"type":"string","description_kind":"plain","required":true},"password":{"type":"string","description_kind":"plain","required":true,"sensitive":true},"user":{"type":"string","description_kind":"plain","required":true},"wapi_version":{"type":"string","description_kind":"plain","required":true}},"description_kind":"plain"},"max_items":1}},"description_kind":"plain"},"min_items":1,"max_items":1},"storage":{"nesting_mode":"list","block":{"block_types":{"credentials":{"nesting_mode":"list","block":{"attributes":{"host":{"type":"string","description_kind":"plain","required":true},"password":{"type":"string","description_kind":"plain","required":true,"sensitive":true},"user":{"type":"string","description_kind":"plain","required":true},"zapi_version":{"type":"string","description_kind":"plain","optional":true}},"description_kind":"plain"},"min_items":1,"max_items":1}},"description_kind":"plain"},"min_items":1,"max_items":1}},"description_kind":"plain"}},"resource_schemas":{"flexbot_server":{"version":0,"block":{"attributes":{"cloud_args":{"type":["map","string"],"description_kind":"plain","optional":true},"id":{"type":"string","description_kind":"plain","optional":true,"computed":true}},"block_types":{"compute":{"nesting_mode":"list","block":{"attributes":{"hostname":{"type":"string","description_kind":"plain","required":true},"safe_removal":{"type":"bool","description_kind":"plain","optional":true},"sp_dn":{"type":"string","description_kind":"plain","optional":true,"computed":true},"sp_org":{"type":"string","description_kind":"plain","required":true},"sp_template":{"type":"string","description_kind":"plain","required":true},"ssh_private_key":{"type":"string","description_kind":"plain","optional":true},"ssh_user":{"type":"string","description_kind":"plain","optional":true},"wait_for_ssh_timeout":{"type":"number","description_kind":"plain","optional":true}},"block_types":{"blade_spec":{"nesting_mode":"list","block":{"attributes":{"dn":{"type":"string","description_kind":"plain","optional":true,"computed":true},"model":{"type":"string","description_kind":"plain","optional":true},"num_of_cores":{"type":"string","description_kind":"plain","optional":true},"num_of_cpus":{"type":"string","description_kind":"plain","optional":true},"total_memory":{"type":"string","description_kind":"plain","optional":true}},"description_kind":"plain"},"max_items":1}},"description_kind":"plain"},"min_items":1,"max_items":1},"network":{"nesting_mode":"list","block":{"block_types":{"iscsi_initiator":{"nesting_mode":"list","block":{"attributes":{"dns_server1":{"type":"string","description_kind":"plain","optional":true},"dns_server2":{"type":"string","description_kind":"plain","optional":true},"fqdn":{"type":"string","description_kind":"plain","optional":true,"computed":true},"gateway":{"type":"string","description_kind":"plain","optional":true},"initiator_name":{"type":"string","description_kind":"plain","optional":true,"computed":true},"ip":{"type":"string","description_kind":"plain","optional":true,"computed":true},"name":{"type":"string","description_kind":"plain","required":true},"subnet":{"type":"string","description_kind":"plain","required":true}},"block_types":{"iscsi_target":{"nesting_mode":"list","block":{"attributes":{"interfaces":{"type":["list","string"],"description_kind":"plain","optional":true,"computed":true},"node_name":{"type":"string","description_kind":"plain","optional":true,"computed":true}},"description_kind":"plain"},"max_items":1}},"description_kind":"plain"},"min_items":1,"max_items":2},"node":{"nesting_mode":"list","block":{"attributes":{"dns_domain":{"type":"string","description_kind":"plain","optional":true},"dns_server1":{"type":"string","description_kind":"plain","optional":true},"dns_server2":{"type":"string","description_kind":"plain","optional":true},"fqdn":{"type":"string","description_kind":"plain","optional":true,"computed":true},"gateway":{"type":"string","description_kind":"plain","optional":true},"ip":{"type":"string","description_kind":"plain","optional":true,"computed":true},"macaddr":{"type":"string","description_kind":"plain","optional":true,"computed":true},"name":{"type":"string","description_kind":"plain","required":true},"subnet":{"type":"string","description_kind":"plain","required":true}},"description_kind":"plain"},"min_items":1}},"description_kind":"plain"},"min_items":1,"max_items":1},"snapshot":{"nesting_mode":"list","block":{"attributes":{"fsfreeze":{"type":"bool","description_kind":"plain","optional":true},"name":{"type":"string","description_kind":"plain","required":true}},"description_kind":"plain"}},"storage":{"nesting_mode":"list","block":{"attributes":{"igroup_name":{"type":"string","description_kind":"plain","optional":true,"computed":true},"image_repo_name":{"type":"string","description_kind":"plain","optional":true,"computed":true},"svm_name":{"type":"string","description_kind":"plain","optional":true,"computed":true},"volume_name":{"type":"string","description_kind":"plain","optional":true,"computed":true}},"block_types":{"boot_lun":{"nesting_mode":"list","block":{"attributes":{"id":{"type":"number","description_kind":"plain","optional":true,"computed":true},"name":{"type":"string","description_kind":"plain","optional":true,"computed":true},"os_image":{"type":"string","description_kind":"plain","required":true},"size":{"type":"number","description_kind":"plain","required":true}},"description_kind":"plain"},"min_items":1,"max_items":1},"data_lun":{"nesting_mode":"list","block":{"attributes":{"id":{"type":"number","description_kind":"plain","optional":true,"computed":true},"name":{"type":"string","description_kind":"plain","optional":true,"computed":true},"size":{"type":"number","description_kind":"plain","required":true}},"description_kind":"plain"}},"seed_lun":{"nesting_mode":"list","block":{"attributes":{"id":{"type":"number","description_kind":"plain","optional":true,"computed":true},"name":{"type":"string","description_kind":"plain","optional":true,"computed":true},"seed_template":{"type":"string","description_kind":"plain","required":true}},"description_kind":"plain"},"min_items":1,"max_items":1}},"description_kind":"plain"},"min_items":1,"max_items":1}},"description_kind":"plain"}}}}}}
