{"format_version":"0.1","provider_schemas":{"registry.terraform.io/numtide/linuxbox":{"provider":{"version":0,"block":{"attributes":{"ssh_session_limit":{"type":"number","description_kind":"plain","optional":true}},"description_kind":"plain"}},"resource_schemas":{"linuxbox_directory":{"version":0,"block":{"attributes":{"group":{"type":"number","description_kind":"plain","optional":true},"host_address":{"type":"string","description_kind":"plain","required":true},"id":{"type":"string","description_kind":"plain","optional":true,"computed":true},"mode":{"type":"string","description_kind":"plain","optional":true},"owner":{"type":"number","description_kind":"plain","optional":true},"path":{"type":"string","description_kind":"plain","required":true},"ssh_key":{"type":"string","description_kind":"plain","required":true,"sensitive":true},"ssh_user":{"type":"string","description_kind":"plain","optional":true}},"description_kind":"plain"}},"linuxbox_docker":{"version":0,"block":{"attributes":{"host_address":{"type":"string","description_kind":"plain","required":true},"id":{"type":"string","description_kind":"plain","optional":true,"computed":true},"ssh_key":{"type":"string","description_kind":"plain","required":true,"sensitive":true},"ssh_user":{"type":"string","description_kind":"plain","optional":true}},"description_kind":"plain","deprecated":true}},"linuxbox_docker_auth":{"version":0,"block":{"attributes":{"host_address":{"type":"string","description_kind":"plain","required":true},"id":{"type":"string","description_kind":"plain","optional":true,"computed":true},"password":{"type":"string","description_kind":"plain","required":true,"sensitive":true},"registry_address":{"type":"string","description_kind":"plain","required":true},"ssh_key":{"type":"string","description_kind":"plain","required":true,"sensitive":true},"ssh_user":{"type":"string","description_kind":"plain","optional":true},"username":{"type":"string","description_kind":"plain","required":true,"sensitive":true}},"description_kind":"plain"}},"linuxbox_docker_build":{"version":0,"block":{"attributes":{"dockerfile":{"type":"string","description_kind":"plain","optional":true},"id":{"type":"string","description_kind":"plain","optional":true,"computed":true},"image_id":{"type":"string","description_kind":"plain","computed":true},"source_dir":{"type":"string","description_kind":"plain","required":true},"source_hash":{"type":"string","description_kind":"plain","required":true}},"description_kind":"plain"}},"linuxbox_docker_container":{"version":0,"block":{"attributes":{"args":{"type":["list","string"],"description_kind":"plain","optional":true},"caps":{"type":["set","string"],"description_kind":"plain","optional":true},"container_id":{"type":"string","description_kind":"plain","computed":true},"env":{"type":["map","string"],"description_kind":"plain","optional":true},"host_address":{"type":"string","description_kind":"plain","required":true},"id":{"type":"string","description_kind":"plain","optional":true,"computed":true},"image_id":{"type":"string","description_kind":"plain","required":true},"labels":{"type":["map","string"],"description_kind":"plain","optional":true},"log_driver":{"type":"string","description_kind":"plain","optional":true},"log_opts":{"type":["map","string"],"description_kind":"plain","optional":true},"memory":{"type":"number","description_kind":"plain","optional":true},"name":{"type":"string","description_kind":"plain","optional":true},"network":{"type":"string","description_kind":"plain","optional":true},"ports":{"type":["set","string"],"description_kind":"plain","optional":true},"privileged":{"type":"bool","description_kind":"plain","optional":true},"restart":{"type":"string","description_kind":"plain","optional":true},"ssh_key":{"type":"string","description_kind":"plain","required":true,"sensitive":true},"ssh_user":{"type":"string","description_kind":"plain","optional":true},"volumes":{"type":["set","string"],"description_kind":"plain","optional":true}},"description_kind":"plain"}},"linuxbox_docker_copy_image":{"version":0,"block":{"attributes":{"host_address":{"type":"string","description_kind":"plain","required":true},"id":{"type":"string","description_kind":"plain","optional":true,"computed":true},"image_id":{"type":"string","description_kind":"plain","required":true},"ssh_key":{"type":"string","description_kind":"plain","required":true,"sensitive":true},"ssh_user":{"type":"string","description_kind":"plain","optional":true}},"description_kind":"plain"}},"linuxbox_docker_network":{"version":0,"block":{"attributes":{"host_address":{"type":"string","description_kind":"plain","required":true},"id":{"type":"string","description_kind":"plain","optional":true,"computed":true},"name":{"type":"string","description_kind":"plain","required":true},"ssh_key":{"type":"string","description_kind":"plain","required":true,"sensitive":true},"ssh_user":{"type":"string","description_kind":"plain","optional":true}},"description_kind":"plain"}},"linuxbox_docker_run":{"version":0,"block":{"attributes":{"args":{"type":["list","string"],"description_kind":"plain","optional":true},"caps":{"type":["set","string"],"description_kind":"plain","optional":true},"clear_entry_point":{"type":"bool","description_kind":"plain","optional":true},"env":{"type":["map","string"],"description_kind":"plain","optional":true},"host_address":{"type":"string","description_kind":"plain","required":true},"id":{"type":"string","description_kind":"plain","optional":true,"computed":true},"image_id":{"type":"string","description_kind":"plain","required":true},"labels":{"type":["map","string"],"description_kind":"plain","optional":true},"network":{"type":"string","description_kind":"plain","optional":true},"ports":{"type":["set","string"],"description_kind":"plain","optional":true},"privileged":{"type":"bool","description_kind":"plain","optional":true},"ssh_key":{"type":"string","description_kind":"plain","required":true,"sensitive":true},"ssh_user":{"type":"string","description_kind":"plain","optional":true},"stderr":{"type":"string","description_kind":"plain","computed":true,"sensitive":true},"stdout":{"type":"string","description_kind":"plain","computed":true,"sensitive":true},"volumes":{"type":["set","string"],"description_kind":"plain","optional":true}},"description_kind":"plain"}},"linuxbox_run_setup":{"version":0,"block":{"attributes":{"check":{"type":"string","description_kind":"plain","optional":true},"delete":{"type":"string","description_kind":"plain","optional":true},"host_address":{"type":"string","description_kind":"plain","required":true},"id":{"type":"string","description_kind":"plain","optional":true,"computed":true},"setup":{"type":["list","string"],"description_kind":"plain","required":true},"ssh_key":{"type":"string","description_kind":"plain","required":true,"sensitive":true},"ssh_user":{"type":"string","description_kind":"plain","optional":true}},"description_kind":"plain"}},"linuxbox_ssh_authorized_key":{"version":0,"block":{"attributes":{"host_address":{"type":"string","description_kind":"plain","required":true},"id":{"type":"string","description_kind":"plain","optional":true,"computed":true},"key_to_add":{"type":"string","description_kind":"plain","required":true},"ssh_key":{"type":"string","description_kind":"plain","required":true,"sensitive":true},"ssh_user":{"type":"string","description_kind":"plain","optional":true}},"description_kind":"plain"}},"linuxbox_swap":{"version":0,"block":{"attributes":{"host_address":{"type":"string","description_kind":"plain","required":true},"id":{"type":"string","description_kind":"plain","optional":true,"computed":true},"ssh_key":{"type":"string","description_kind":"plain","required":true,"sensitive":true},"ssh_user":{"type":"string","description_kind":"plain","optional":true},"swap_size":{"type":"string","description_kind":"plain","required":true}},"description_kind":"plain"}},"linuxbox_text_file":{"version":0,"block":{"attributes":{"content":{"type":"string","description_kind":"plain","required":true},"group":{"type":"number","description_kind":"plain","optional":true},"host_address":{"type":"string","description_kind":"plain","required":true},"id":{"type":"string","description_kind":"plain","optional":true,"computed":true},"mode":{"type":"string","description_kind":"plain","optional":true},"owner":{"type":"number","description_kind":"plain","optional":true},"path":{"type":"string","description_kind":"plain","required":true},"ssh_key":{"type":"string","description_kind":"plain","required":true,"sensitive":true},"ssh_user":{"type":"string","description_kind":"plain","optional":true}},"description_kind":"plain"}}},"data_source_schemas":{"linuxbox_source_hash":{"version":0,"block":{"attributes":{"hash":{"type":"string","description_kind":"plain","computed":true},"id":{"type":"string","description_kind":"plain","optional":true,"computed":true},"sources":{"type":["set","string"],"description_kind":"plain","required":true}},"description_kind":"plain"}}}}}}
