{"format_version":"0.1","provider_schemas":{"registry.terraform.io/tyler-technologies/gitops":{"provider":{"version":0,"block":{"attributes":{"branch":{"type":"string","description_kind":"plain","required":true},"path":{"type":"string","description_kind":"plain","optional":true},"repo_url":{"type":"string","description_kind":"plain","required":true}},"description_kind":"plain"}},"resource_schemas":{"gitops_checkout":{"version":0,"block":{"attributes":{"branch":{"type":"string","description_kind":"plain","computed":true},"head":{"type":"string","description_kind":"plain","computed":true},"id":{"type":"string","description_kind":"plain","optional":true,"computed":true},"path":{"type":"string","description_kind":"plain","computed":true},"repo":{"type":"string","description_kind":"plain","computed":true},"retry_count":{"type":"number","description":"Number of git commit retries","description_kind":"plain","optional":true},"retry_interval":{"type":"number","description":"Number of seconds between git commit retries","description_kind":"plain","optional":true}},"description_kind":"plain"}},"gitops_commit":{"version":0,"block":{"attributes":{"commit_message":{"type":"string","description_kind":"plain","optional":true},"handles":{"type":["set","string"],"description_kind":"plain","required":true},"id":{"type":"string","description_kind":"plain","optional":true,"computed":true},"retry_count":{"type":"number","description":"Number of git commit retries","description_kind":"plain","optional":true},"retry_interval":{"type":"number","description":"Number of seconds between git commit retries","description_kind":"plain","optional":true}},"description_kind":"plain"}},"gitops_file":{"version":0,"block":{"attributes":{"checkout":{"type":"string","description_kind":"plain","required":true},"contents":{"type":"string","description_kind":"plain","required":true},"id":{"type":"string","description_kind":"plain","optional":true,"computed":true},"path":{"type":"string","description_kind":"plain","required":true}},"description_kind":"plain"}},"gitops_symlink":{"version":0,"block":{"attributes":{"checkout":{"type":"string","description_kind":"plain","required":true},"id":{"type":"string","description_kind":"plain","optional":true,"computed":true},"path":{"type":"string","description_kind":"plain","required":true},"target":{"type":"string","description_kind":"plain","required":true}},"description_kind":"plain"}}}}}}
