{"format_version":"0.1","provider_schemas":{"registry.terraform.io/aztfmod/azurecaf":{"provider":{"version":0,"block":{"description_kind":"plain"}},"resource_schemas":{"azurecaf_name":{"version":3,"block":{"attributes":{"clean_input":{"type":"bool","description_kind":"plain","optional":true},"id":{"type":"string","description_kind":"plain","optional":true,"computed":true},"name":{"type":"string","description_kind":"plain","optional":true},"passthrough":{"type":"bool","description_kind":"plain","optional":true},"prefixes":{"type":["list","string"],"description_kind":"plain","optional":true},"random_length":{"type":"number","description_kind":"plain","optional":true},"random_seed":{"type":"number","description_kind":"plain","optional":true},"resource_type":{"type":"string","description_kind":"plain","optional":true},"resource_types":{"type":["list","string"],"description_kind":"plain","optional":true},"result":{"type":"string","description_kind":"plain","computed":true},"results":{"type":["map","string"],"description_kind":"plain","computed":true},"separator":{"type":"string","description_kind":"plain","optional":true},"suffixes":{"type":["list","string"],"description_kind":"plain","optional":true},"use_slug":{"type":"bool","description_kind":"plain","optional":true}},"description_kind":"plain"}},"azurecaf_naming_convention":{"version":2,"block":{"attributes":{"convention":{"type":"string","description_kind":"plain","optional":true},"id":{"type":"string","description_kind":"plain","optional":true,"computed":true},"max_length":{"type":"number","description_kind":"plain","optional":true},"name":{"type":"string","description_kind":"plain","optional":true},"postfix":{"type":"string","description_kind":"plain","optional":true},"prefix":{"type":"string","description_kind":"plain","optional":true},"prefixes":{"type":["list","string"],"description_kind":"plain","optional":true},"resource_type":{"type":"string","description_kind":"plain","optional":true},"result":{"type":"string","description_kind":"plain","computed":true},"suffixes":{"type":["list","string"],"description_kind":"plain","optional":true}},"description_kind":"plain"}}}}}}
