{"format_version":"0.1","provider_schemas":{"registry.terraform.io/nats-io/jetstream":{"provider":{"version":0,"block":{"attributes":{"credential_data":{"type":"string","description":"The contents of the NATS 2.0 Credentials file to use","description_kind":"plain","optional":true},"credentials":{"type":"string","description":"Path to the NATS 2.0 credentials file to use for authentication","description_kind":"plain","optional":true},"servers":{"type":"string","description":"Comma separated list of NATS servers to connect to","description_kind":"plain","required":true}},"description_kind":"plain"}},"resource_schemas":{"jetstream_consumer":{"version":0,"block":{"attributes":{"ack_policy":{"type":"string","description":"The delivery acknowledgement policy to apply to the Consumer","description_kind":"plain","optional":true},"ack_wait":{"type":"number","description":"Number of seconds to wait for acknowledgement","description_kind":"plain","optional":true},"deliver_all":{"type":"bool","description":"Starts at the first available message in the Stream","description_kind":"plain","optional":true},"deliver_last":{"type":"bool","description":"Starts at the latest available message in the Stream","description_kind":"plain","optional":true},"deliver_new":{"type":"bool","description":"Starts with the next available message in the Stream","description_kind":"plain","optional":true},"delivery_subject":{"type":"string","description":"The subject where a Push-based consumer will deliver messages","description_kind":"plain","optional":true},"durable_name":{"type":"string","description":"The durable name of the Consumer","description_kind":"plain","required":true},"filter_subject":{"type":"string","description":"Only receive a subset of messages from the Stream based on the subject they entered the Stream on","description_kind":"plain","optional":true},"id":{"type":"string","description_kind":"plain","optional":true,"computed":true},"max_delivery":{"type":"number","description":"Maximum deliveries to attempt for each message","description_kind":"plain","optional":true},"ratelimit":{"type":"number","description":"The rate limit for delivering messages to push consumers, expressed in bits per second","description_kind":"plain","optional":true},"replay_policy":{"type":"string","description":"The rate at which messages will be replayed from the stream","description_kind":"plain","optional":true},"sample_freq":{"type":"number","description":"The percentage of acknowledgements that will be sampled for observability purposes","description_kind":"plain","optional":true},"start_time":{"type":"string","description":"The timestamp of the first message that will be delivered by this Consumer","description_kind":"plain","optional":true},"stream_id":{"type":"string","description":"The name of the Stream that this consumer consumes","description_kind":"plain","required":true},"stream_sequence":{"type":"number","description":"The Stream Sequence that will be the first message delivered by this Consumer","description_kind":"plain","optional":true}},"description_kind":"plain"}},"jetstream_stream":{"version":0,"block":{"attributes":{"ack":{"type":"bool","description":"If the Stream should support confirming receiving messages via acknowledgements","description_kind":"plain","optional":true},"duplicate_window":{"type":"number","description":"The size of the duplicate tracking windows, duration specified in seconds","description_kind":"plain","optional":true},"id":{"type":"string","description_kind":"plain","optional":true,"computed":true},"max_age":{"type":"number","description":"The maximum oldest message that can be kept in the stream, duration specified in seconds","description_kind":"plain","optional":true},"max_bytes":{"type":"number","description":"The maximum size of all messages that can be kept in the stream","description_kind":"plain","optional":true},"max_consumers":{"type":"number","description":"Number of consumers this stream allows","description_kind":"plain","optional":true},"max_msg_size":{"type":"number","description":"The maximum individual message size that the stream will accept","description_kind":"plain","optional":true},"max_msgs":{"type":"number","description":"The maximum amount of messages that can be kept in the stream","description_kind":"plain","optional":true},"name":{"type":"string","description":"The name of the stream","description_kind":"plain","required":true},"replicas":{"type":"number","description":"How many replicas of the data to keep in a clustered environment","description_kind":"plain","optional":true},"retention":{"type":"string","description":"The retention policy to apply over and above max_msgs, max_bytes and max_age","description_kind":"plain","optional":true},"storage":{"type":"string","description":"The storage engine to use to back the stream","description_kind":"plain","optional":true},"subjects":{"type":["list","string"],"description":"The list of subjects that will be consumed by the Stream","description_kind":"plain","required":true}},"description_kind":"plain"}},"jetstream_stream_template":{"version":0,"block":{"attributes":{"ack":{"type":"bool","description":"If the Stream should support confirming receiving messages via acknowledgements","description_kind":"plain","optional":true},"duplicate_window":{"type":"number","description":"The size of the duplicate tracking windows, duration specified in seconds","description_kind":"plain","optional":true},"id":{"type":"string","description_kind":"plain","optional":true,"computed":true},"max_age":{"type":"number","description":"The maximum oldest message that can be kept in the stream, duration specified in seconds","description_kind":"plain","optional":true},"max_bytes":{"type":"number","description":"The maximum size of all messages that can be kept in the stream","description_kind":"plain","optional":true},"max_consumers":{"type":"number","description":"Number of consumers this stream allows","description_kind":"plain","optional":true},"max_msg_size":{"type":"number","description":"The maximum individual message size that the stream will accept","description_kind":"plain","optional":true},"max_msgs":{"type":"number","description":"The maximum amount of messages that can be kept in the stream","description_kind":"plain","optional":true},"max_streams":{"type":"number","description":"Maximum number of Streams this Template can manage","description_kind":"plain","required":true},"name":{"type":"string","description":"The name of the Stream Template","description_kind":"plain","required":true},"replicas":{"type":"number","description":"How many replicas of the data to keep in a clustered environment","description_kind":"plain","optional":true},"retention":{"type":"string","description":"The retention policy to apply over and above max_msgs, max_bytes and max_age","description_kind":"plain","optional":true},"storage":{"type":"string","description":"The storage engine to use to back the stream","description_kind":"plain","optional":true},"subjects":{"type":["list","string"],"description":"The list of subjects that will be consumed by the Stream","description_kind":"plain","required":true}},"description_kind":"plain"}}}}}}
