{"format_version":"0.1","provider_schemas":{"registry.terraform.io/bestseller/netbox":{"provider":{"version":0,"block":{"attributes":{"api_token":{"type":"string","description_kind":"plain","optional":true},"endpoint":{"type":"string","description_kind":"plain","required":true}},"description_kind":"plain"}},"resource_schemas":{"netbox_available_prefix":{"version":0,"block":{"attributes":{"cidr_notation":{"type":"string","description_kind":"plain","computed":true},"description":{"type":"string","description_kind":"plain","optional":true},"id":{"type":"string","description_kind":"plain","optional":true,"computed":true},"parent_prefix_id":{"type":"number","description_kind":"plain","required":true},"prefix_id":{"type":"number","description_kind":"plain","computed":true},"prefix_length":{"type":"number","description_kind":"plain","required":true},"role":{"type":"number","description_kind":"plain","optional":true},"site":{"type":"number","description_kind":"plain","optional":true},"status":{"type":"string","description_kind":"plain","optional":true},"tenant":{"type":"number","description_kind":"plain","optional":true}},"description_kind":"plain"}}},"data_source_schemas":{"netbox_prefix":{"version":0,"block":{"attributes":{"cidr_notation":{"type":"string","description_kind":"plain","required":true},"id":{"type":"string","description_kind":"plain","optional":true,"computed":true},"prefix_id":{"type":"number","description_kind":"plain","computed":true},"role_id":{"type":"number","description_kind":"plain","computed":true},"role_name":{"type":"string","description_kind":"plain","computed":true},"site_id":{"type":"number","description_kind":"plain","computed":true},"site_name":{"type":"string","description_kind":"plain","computed":true},"tenant_id":{"type":"number","description_kind":"plain","computed":true},"tenant_name":{"type":"string","description_kind":"plain","computed":true}},"description_kind":"plain"}},"netbox_sites":{"version":0,"block":{"attributes":{"id":{"type":"string","description_kind":"plain","optional":true,"computed":true},"name":{"type":"string","description_kind":"plain","required":true},"site_id":{"type":"number","description_kind":"plain","computed":true},"tenant_id":{"type":"number","description_kind":"plain","computed":true},"tenant_name":{"type":"string","description_kind":"plain","computed":true}},"description_kind":"plain"}}}}}}
