{"format_version":"0.1","provider_schemas":{"registry.terraform.io/tencentcloudstack/tencentcloud":{"provider":{"version":0,"block":{"attributes":{"domain":{"type":"string","description":"The root domain of the API request, Default is `tencentcloudapi.com`.","description_kind":"plain","optional":true},"protocol":{"type":"string","description":"The protocol of the API request. Valid values: `HTTP` and `HTTPS`. Default is `HTTPS`.","description_kind":"plain","optional":true},"region":{"type":"string","description":"This is the TencentCloud region. It must be provided, but it can also be sourced from the `TENCENTCLOUD_REGION` environment variables. The default input value is ap-guangzhou.","description_kind":"plain","required":true},"secret_id":{"type":"string","description":"This is the TencentCloud access key. It must be provided, but it can also be sourced from the `TENCENTCLOUD_SECRET_ID` environment variable.","description_kind":"plain","required":true},"secret_key":{"type":"string","description":"This is the TencentCloud secret key. It must be provided, but it can also be sourced from the `TENCENTCLOUD_SECRET_KEY` environment variable.","description_kind":"plain","required":true,"sensitive":true},"security_token":{"type":"string","description":"TencentCloud Security Token of temporary access credentials. It can be sourced from the `TENCENTCLOUD_SECURITY_TOKEN` environment variable. Notice: for supported products, please refer to: [temporary key supported products](https://intl.cloud.tencent.com/document/product/598/10588).","description_kind":"plain","optional":true,"sensitive":true}},"block_types":{"assume_role":{"nesting_mode":"set","block":{"attributes":{"policy":{"type":"string","description":"A more restrictive policy when making the AssumeRole call. Its content must not contains `principal` elements. Notice: more syntax references, please refer to: [policies syntax logic](https://intl.cloud.tencent.com/document/product/598/10603).","description_kind":"plain","optional":true},"role_arn":{"type":"string","description":"The ARN of the role to assume. It can be sourced from the `TENCENTCLOUD_ASSUME_ROLE_ARN`.","description_kind":"plain","required":true},"session_duration":{"type":"number","description":"The duration of the session when making the AssumeRole call. Its value ranges from 0 to 43200(seconds), and default is 7200 seconds. It can be sourced from the `TENCENTCLOUD_ASSUME_ROLE_SESSION_DURATION`.","description_kind":"plain","required":true},"session_name":{"type":"string","description":"The session name to use when making the AssumeRole call. It can be sourced from the `TENCENTCLOUD_ASSUME_ROLE_SESSION_NAME`.","description_kind":"plain","required":true}},"description":"The `assume_role` block. If provided, terraform will attempt to assume this role using the supplied credentials.","description_kind":"plain"},"max_items":1}},"description_kind":"plain"}},"resource_schemas":{"tencentcloud_alb_server_attachment":{"version":0,"block":{"attributes":{"id":{"type":"string","description_kind":"plain","optional":true,"computed":true},"listener_id":{"type":"string","description":"listener ID.","description_kind":"plain","required":true},"loadbalancer_id":{"type":"string","description":"loadbalancer ID.","description_kind":"plain","required":true},"location_id":{"type":"string","description":"location ID, only support for layer 7 loadbalancer.","description_kind":"plain","optional":true,"computed":true},"protocol_type":{"type":"string","description":"The protocol type, http or tcp.","description_kind":"plain","computed":true}},"block_types":{"backends":{"nesting_mode":"set","block":{"attributes":{"instance_id":{"type":"string","description":"A list backend instance ID (CVM instance ID).","description_kind":"plain","required":true},"port":{"type":"number","description":"The port used by the backend server. Valid value range: [1-65535].","description_kind":"plain","required":true},"weight":{"type":"number","description":"Weight of the backend server. Valid value range: [0-100]. Default to 10.","description_kind":"plain","optional":true,"computed":true}},"description":"list of backend server.","description_kind":"plain"},"min_items":1,"max_items":100}},"description_kind":"plain","deprecated":true}},"tencentcloud_as_attachment":{"version":0,"block":{"attributes":{"id":{"type":"string","description_kind":"plain","optional":true,"computed":true},"instance_ids":{"type":["set","string"],"description":"ID list of CVM instances to be attached to the scaling group.","description_kind":"plain","required":true},"scaling_group_id":{"type":"string","description":"ID of a scaling group.","description_kind":"plain","required":true}},"description_kind":"plain"}},"tencentcloud_as_lifecycle_hook":{"version":0,"block":{"attributes":{"default_result":{"type":"string","description":"Defines the action the AS group should take when the lifecycle hook timeout elapses or if an unexpected failure occurs. The valid values are CONTINUE and ABANDON. The default value is CONTINUE.","description_kind":"plain","optional":true},"heartbeat_timeout":{"type":"number","description":"Defines the amount of time, in seconds, that can elapse before the lifecycle hook times out. The range is 30 to 3600, and default value is 300.","description_kind":"plain","optional":true},"id":{"type":"string","description_kind":"plain","optional":true,"computed":true},"lifecycle_hook_name":{"type":"string","description":"The name of the lifecycle hook.","description_kind":"plain","required":true},"lifecycle_transition":{"type":"string","description":"The instance state to which you want to attach the lifecycle hook. The valid values are INSTANCE_LAUNCHING and INSTANCE_TERMINATING.","description_kind":"plain","required":true},"notification_metadata":{"type":"string","description":"Contains additional information that you want to include any time AS sends a message to the notification target.","description_kind":"plain","optional":true},"notification_queue_name":{"type":"string","description":"For CMQ_QUEUE type, a name of queue must be set.","description_kind":"plain","optional":true},"notification_target_type":{"type":"string","description":"Target type, which can be CMQ_QUEUE or CMQ_TOPIC.","description_kind":"plain","optional":true},"notification_topic_name":{"type":"string","description":"For CMQ_TOPIC type, a name of topic must be set.","description_kind":"plain","optional":true},"scaling_group_id":{"type":"string","description":"ID of a scaling group.","description_kind":"plain","required":true}},"description_kind":"plain"}},"tencentcloud_as_notification":{"version":0,"block":{"attributes":{"id":{"type":"string","description_kind":"plain","optional":true,"computed":true},"notification_types":{"type":["list","string"],"description":"A list of Notification Types that trigger notifications. Acceptable values are SCALE_OUT_FAILED, SCALE_IN_SUCCESSFUL, SCALE_IN_FAILED, REPLACE_UNHEALTHY_INSTANCE_SUCCESSFUL and REPLACE_UNHEALTHY_INSTANCE_FAILED.","description_kind":"plain","required":true},"notification_user_group_ids":{"type":["list","string"],"description":"A group of user IDs to be notified.","description_kind":"plain","required":true},"scaling_group_id":{"type":"string","description":"ID of a scaling group.","description_kind":"plain","required":true}},"description_kind":"plain"}},"tencentcloud_as_scaling_config":{"version":0,"block":{"attributes":{"configuration_name":{"type":"string","description":"Name of a launch configuration.","description_kind":"plain","required":true},"create_time":{"type":"string","description":"The time when the launch configuration was created.","description_kind":"plain","computed":true},"enhanced_monitor_service":{"type":"bool","description":"To specify whether to enable cloud monitor service. Default is TRUE.","description_kind":"plain","optional":true},"enhanced_security_service":{"type":"bool","description":"To specify whether to enable cloud security service. Default is TRUE.","description_kind":"plain","optional":true},"id":{"type":"string","description_kind":"plain","optional":true,"computed":true},"image_id":{"type":"string","description":"An available image ID for a cvm instance.","description_kind":"plain","required":true},"instance_tags":{"type":["map","string"],"description":"A list of tags used to associate different resources.","description_kind":"plain","optional":true},"instance_types":{"type":["list","string"],"description":"Specified types of CVM instances.","description_kind":"plain","required":true},"internet_charge_type":{"type":"string","description":"Charge types for network traffic. Available values include `BANDWIDTH_PREPAID`, `TRAFFIC_POSTPAID_BY_HOUR`, `TRAFFIC_POSTPAID_BY_HOUR` and `BANDWIDTH_PACKAGE`.","description_kind":"plain","optional":true},"internet_max_bandwidth_out":{"type":"number","description":"Max bandwidth of Internet access in Mbps. Default is 0.","description_kind":"plain","optional":true},"keep_image_login":{"type":"bool","description":"Specify whether to keep original settings of a CVM image. And it can't be used with password or key_ids together.","description_kind":"plain","optional":true},"key_ids":{"type":["list","string"],"description":"ID list of keys.","description_kind":"plain","optional":true},"password":{"type":"string","description":"Password to access.","description_kind":"plain","optional":true,"sensitive":true},"project_id":{"type":"number","description":"Specifys to which project the configuration belongs.","description_kind":"plain","optional":true},"public_ip_assigned":{"type":"bool","description":"Specify whether to assign an Internet IP address.","description_kind":"plain","optional":true},"security_group_ids":{"type":["list","string"],"description":"Security groups to which a CVM instance belongs.","description_kind":"plain","optional":true},"status":{"type":"string","description":"Current statues of a launch configuration.","description_kind":"plain","computed":true},"system_disk_size":{"type":"number","description":"Volume of system disk in GB. Default is 50.","description_kind":"plain","optional":true},"system_disk_type":{"type":"string","description":"Type of a CVM disk, and available values include CLOUD_PREMIUM and CLOUD_SSD. Default is CLOUD_PREMIUM.","description_kind":"plain","optional":true},"user_data":{"type":"string","description":"ase64-encoded User Data text, the length limit is 16KB.","description_kind":"plain","optional":true}},"block_types":{"data_disk":{"nesting_mode":"list","block":{"attributes":{"disk_size":{"type":"number","description":"Volume of disk in GB. Default is 0.","description_kind":"plain","optional":true},"disk_type":{"type":"string","description":"Types of disk, available values: CLOUD_PREMIUM and CLOUD_SSD.","description_kind":"plain","optional":true},"snapshot_id":{"type":"string","description":"Data disk snapshot ID.","description_kind":"plain","optional":true}},"description":"Configurations of data disk.","description_kind":"plain"},"max_items":11}},"description_kind":"plain"}},"tencentcloud_as_scaling_group":{"version":0,"block":{"attributes":{"configuration_id":{"type":"string","description":"An available ID for a launch configuration.","description_kind":"plain","required":true},"create_time":{"type":"string","description":"The time when the AS group was created.","description_kind":"plain","computed":true},"default_cooldown":{"type":"number","description":"Default cooldown time in second, and default value is 300.","description_kind":"plain","optional":true},"desired_capacity":{"type":"number","description":"Desired volume of CVM instances, which is between max_size and min_size.","description_kind":"plain","optional":true,"computed":true},"id":{"type":"string","description_kind":"plain","optional":true,"computed":true},"instance_count":{"type":"number","description":"Instance number of a scaling group.","description_kind":"plain","computed":true},"load_balancer_ids":{"type":["list","string"],"description":"ID list of traditional load balancers.","description_kind":"plain","optional":true},"max_size":{"type":"number","description":"Maximum number of CVM instances (0~2000).","description_kind":"plain","required":true},"min_size":{"type":"number","description":"Minimum number of CVM instances (0~2000).","description_kind":"plain","required":true},"project_id":{"type":"number","description":"Specifies to which project the scaling group belongs.","description_kind":"plain","optional":true},"retry_policy":{"type":"string","description":"Available values for retry policies include IMMEDIATE_RETRY and INCREMENTAL_INTERVALS.","description_kind":"plain","optional":true},"scaling_group_name":{"type":"string","description":"Name of a scaling group.","description_kind":"plain","required":true},"status":{"type":"string","description":"Current status of a scaling group.","description_kind":"plain","computed":true},"subnet_ids":{"type":["list","string"],"description":"ID list of subnet, and for VPC it is required.","description_kind":"plain","optional":true},"tags":{"type":["map","string"],"description":"Tags of a scaling group.","description_kind":"plain","optional":true},"termination_policies":{"type":["list","string"],"description":"Available values for termination policies include OLDEST_INSTANCE and NEWEST_INSTANCE.","description_kind":"plain","optional":true,"computed":true},"vpc_id":{"type":"string","description":"ID of VPC network.","description_kind":"plain","required":true},"zones":{"type":["list","string"],"description":"List of available zones, for Basic network it is required.","description_kind":"plain","optional":true}},"block_types":{"forward_balancer_ids":{"nesting_mode":"list","block":{"attributes":{"listener_id":{"type":"string","description":"Listener ID for application load balancers.","description_kind":"plain","required":true},"load_balancer_id":{"type":"string","description":"ID of available load balancers.","description_kind":"plain","required":true},"rule_id":{"type":"string","description":"ID of forwarding rules.","description_kind":"plain","optional":true}},"block_types":{"target_attribute":{"nesting_mode":"list","block":{"attributes":{"port":{"type":"number","description":"Port number.","description_kind":"plain","required":true},"weight":{"type":"number","description":"Weight.","description_kind":"plain","required":true}},"description":"Attribute list of target rules.","description_kind":"plain"},"min_items":1}},"description":"List of application load balancers, which can't be specified with load_balancer_ids together.","description_kind":"plain"}}},"description_kind":"plain"}},"tencentcloud_as_scaling_policy":{"version":0,"block":{"attributes":{"adjustment_type":{"type":"string","description":"Specifies whether the adjustment is an absolute number or a percentage of the current capacity. Available values include CHANGE_IN_CAPACITY, EXACT_CAPACITY and PERCENT_CHANGE_IN_CAPACITY.","description_kind":"plain","required":true},"adjustment_value":{"type":"number","description":"Define the number of instances by which to scale.For CHANGE_IN_CAPACITY type or PERCENT_CHANGE_IN_CAPACITY, a positive increment adds to the current capacity and a negative value removes from the current capacity. For EXACT_CAPACITY type, it defines an absolute number of the existing Auto Scaling group size.","description_kind":"plain","required":true},"comparison_operator":{"type":"string","description":"Comparison operator, of which valid values can be GREATER_THAN, GREATER_THAN_OR_EQUAL_TO, LESS_THAN, LESS_THAN_OR_EQUAL_TO, EQUAL_TO and NOT_EQUAL_TO.","description_kind":"plain","required":true},"continuous_time":{"type":"number","description":"Retry times (1~10).","description_kind":"plain","required":true},"cooldown":{"type":"number","description":"Cooldwon time in second. Default is 300.","description_kind":"plain","optional":true},"id":{"type":"string","description_kind":"plain","optional":true,"computed":true},"metric_name":{"type":"string","description":"Name of an indicator, which can be CPU_UTILIZATION, MEM_UTILIZATION, LAN_TRAFFIC_OUT, LAN_TRAFFIC_IN, WAN_TRAFFIC_OUT and WAN_TRAFFIC_IN.","description_kind":"plain","required":true},"notification_user_group_ids":{"type":["list","string"],"description":"An ID group of users to be notified when an alarm is triggered.","description_kind":"plain","optional":true},"period":{"type":"number","description":"Time period in second, of which valid values can be 60 and 300.","description_kind":"plain","required":true},"policy_name":{"type":"string","description":"Name of a policy used to define a reaction when an alarm is triggered.","description_kind":"plain","required":true},"scaling_group_id":{"type":"string","description":"ID of a scaling group.","description_kind":"plain","required":true},"statistic":{"type":"string","description":"Statistic types, include AVERAGE, MAXIMUM and MINIMUM. Default is AVERAGE.","description_kind":"plain","optional":true},"threshold":{"type":"number","description":"Alarm threshold.","description_kind":"plain","required":true}},"description_kind":"plain"}},"tencentcloud_as_schedule":{"version":0,"block":{"attributes":{"desired_capacity":{"type":"number","description":"The desired number of CVM instances that should be running in the group.","description_kind":"plain","required":true},"end_time":{"type":"string","description":"The time for this action to end, in \"YYYY-MM-DDThh:mm:ss+08:00\" format (UTC+8).","description_kind":"plain","optional":true},"id":{"type":"string","description_kind":"plain","optional":true,"computed":true},"max_size":{"type":"number","description":"The maximum size for the Auto Scaling group.","description_kind":"plain","required":true},"min_size":{"type":"number","description":"The minimum size for the Auto Scaling group.","description_kind":"plain","required":true},"recurrence":{"type":"string","description":"The time when recurring future actions will start. Start time is specified by the user following the Unix cron syntax format. And this argument should be set with end_time together.","description_kind":"plain","optional":true},"scaling_group_id":{"type":"string","description":"ID of a scaling group.","description_kind":"plain","required":true},"schedule_action_name":{"type":"string","description":"The name of this scaling action.","description_kind":"plain","required":true},"start_time":{"type":"string","description":"The time for this action to start, in \"YYYY-MM-DDThh:mm:ss+08:00\" format (UTC+8).","description_kind":"plain","required":true}},"description_kind":"plain"}},"tencentcloud_audit":{"version":0,"block":{"attributes":{"audit_switch":{"type":"bool","description":"Indicate whether to turn on audit logging or not.","description_kind":"plain","required":true},"cos_bucket":{"type":"string","description":"Name of the cos bucket to save audit log. Caution: the validation of existing cos bucket will not be checked by terraform.","description_kind":"plain","required":true},"cos_region":{"type":"string","description":"Region of the cos bucket.","description_kind":"plain","required":true},"enable_kms_encry":{"type":"bool","description":"Indicate whether the log is encrypt with KMS algorithm or not.","description_kind":"plain","optional":true},"id":{"type":"string","description_kind":"plain","optional":true,"computed":true},"key_id":{"type":"string","description":"Existing CMK unique key. This field can be get by data source `tencentcloud_audit_key_alias`. Caution: the region of the KMS must be as same as the `cos_region`.","description_kind":"plain","optional":true},"log_file_prefix":{"type":"string","description":"The log file name prefix. The length ranges from 3 to 40. If not set, the account ID will be the log file prefix.","description_kind":"plain","optional":true,"computed":true},"name":{"type":"string","description":"Name of audit. Valid length ranges from 3 to 128. Only alpha character or numbers or `_` supported.","description_kind":"plain","required":true},"read_write_attribute":{"type":"number","description":"Event attribute filter. 1 for readonly, 2 for writeonly, 3 for all.","description_kind":"plain","required":true}},"description_kind":"plain"}},"tencentcloud_cam_group":{"version":0,"block":{"attributes":{"create_time":{"type":"string","description":"Create time of the CAM group.","description_kind":"plain","computed":true},"id":{"type":"string","description_kind":"plain","optional":true,"computed":true},"name":{"type":"string","description":"Name of CAM group.","description_kind":"plain","required":true},"remark":{"type":"string","description":"Description of the CAM group.","description_kind":"plain","optional":true}},"description_kind":"plain"}},"tencentcloud_cam_group_membership":{"version":0,"block":{"attributes":{"group_id":{"type":"string","description":"Id of CAM group.","description_kind":"plain","required":true},"id":{"type":"string","description_kind":"plain","optional":true,"computed":true},"user_ids":{"type":["set","string"],"description":"Id set of the CAM group members.","description_kind":"plain","required":true}},"description_kind":"plain"}},"tencentcloud_cam_group_policy_attachment":{"version":0,"block":{"attributes":{"create_mode":{"type":"number","description":"Mode of Creation of the CAM group policy attachment. 1 means the cam policy attachment is created by production, and the others indicate syntax strategy ways.","description_kind":"plain","computed":true},"create_time":{"type":"string","description":"Create time of the CAM group policy attachment.","description_kind":"plain","computed":true},"group_id":{"type":"string","description":"Id of the attached CAM group.","description_kind":"plain","required":true},"id":{"type":"string","description_kind":"plain","optional":true,"computed":true},"policy_id":{"type":"string","description":"Id of the policy.","description_kind":"plain","required":true},"policy_name":{"type":"string","description":"Name of the policy.","description_kind":"plain","computed":true},"policy_type":{"type":"string","description":"Type of the policy strategy. 'Group' means customer strategy and 'QCS' means preset strategy.","description_kind":"plain","computed":true}},"description_kind":"plain"}},"tencentcloud_cam_policy":{"version":0,"block":{"attributes":{"create_time":{"type":"string","description":"Create time of the CAM policy.","description_kind":"plain","computed":true},"description":{"type":"string","description":"Description of the CAM policy.","description_kind":"plain","optional":true},"document":{"type":"string","description":"Document of the CAM policy. The syntax refers to https://intl.cloud.tencent.com/document/product/598/10604. There are some notes when using this para in terraform: 1. The elements in JSON claimed supporting two types as `string` and `array` only support type `array`; 2. Terraform does not support the `root` syntax, when it appears, it must be replaced with the uin it stands for.","description_kind":"plain","required":true},"id":{"type":"string","description_kind":"plain","optional":true,"computed":true},"name":{"type":"string","description":"Name of CAM policy.","description_kind":"plain","required":true},"type":{"type":"number","description":"Type of the policy strategy. 1 means customer strategy and 2 means preset strategy.","description_kind":"plain","computed":true},"update_time":{"type":"string","description":"The last update time of the CAM policy.","description_kind":"plain","computed":true}},"description_kind":"plain"}},"tencentcloud_cam_role":{"version":0,"block":{"attributes":{"console_login":{"type":"bool","description":"Indicade whether the CAM role can login or not.","description_kind":"plain","optional":true},"create_time":{"type":"string","description":"Create time of the CAM role.","description_kind":"plain","computed":true},"description":{"type":"string","description":"Description of the CAM role.","description_kind":"plain","optional":true},"document":{"type":"string","description":"Document of the CAM role. The syntax refers to https://intl.cloud.tencent.com/document/product/598/10604. There are some notes when using this para in terraform: 1. The elements in json claimed supporting two types as `string` and `array` only support type `array`; 2. Terraform does not support the `root` syntax, when appears, it must be replaced with the uin it stands for.","description_kind":"plain","required":true},"id":{"type":"string","description_kind":"plain","optional":true,"computed":true},"name":{"type":"string","description":"Name of CAM role.","description_kind":"plain","required":true},"update_time":{"type":"string","description":"The last update time of the CAM role.","description_kind":"plain","computed":true}},"description_kind":"plain"}},"tencentcloud_cam_role_policy_attachment":{"version":0,"block":{"attributes":{"create_mode":{"type":"number","description":"Mode of Creation of the CAM role policy attachment. 1 means the CAM policy attachment is created by production, and the others indicate syntax strategy ways.","description_kind":"plain","computed":true},"create_time":{"type":"string","description":"The create time of the CAM role policy attachment.","description_kind":"plain","computed":true},"id":{"type":"string","description_kind":"plain","optional":true,"computed":true},"policy_id":{"type":"string","description":"Id of the policy.","description_kind":"plain","required":true},"policy_name":{"type":"string","description":"The name of the policy.","description_kind":"plain","computed":true},"policy_type":{"type":"string","description":"Type of the policy strategy. 'User' means customer strategy and 'QCS' means preset strategy.","description_kind":"plain","computed":true},"role_id":{"type":"string","description":"Id of the attached CAM role.","description_kind":"plain","required":true}},"description_kind":"plain"}},"tencentcloud_cam_saml_provider":{"version":0,"block":{"attributes":{"create_time":{"type":"string","description":"The create time of the CAM SAML provider.","description_kind":"plain","computed":true},"description":{"type":"string","description":"The description of the CAM SAML provider.","description_kind":"plain","required":true},"id":{"type":"string","description_kind":"plain","optional":true,"computed":true},"meta_data":{"type":"string","description":"The meta data document of the CAM SAML provider.","description_kind":"plain","required":true},"name":{"type":"string","description":"Name of CAM SAML provider.","description_kind":"plain","required":true},"provider_arn":{"type":"string","description":"The arn of the CAM SAML provider.","description_kind":"plain","computed":true},"update_time":{"type":"string","description":"The last update time of the CAM SAML provider.","description_kind":"plain","computed":true}},"description_kind":"plain"}},"tencentcloud_cam_user":{"version":0,"block":{"attributes":{"console_login":{"type":"bool","description":"Indicate whether the CAM user can login to the web console or not.","description_kind":"plain","optional":true},"country_code":{"type":"string","description":"Country code of the phone number, for example: '86'.","description_kind":"plain","optional":true,"computed":true},"email":{"type":"string","description":"Email of the CAM user.","description_kind":"plain","optional":true},"force_delete":{"type":"bool","description":"Indicate whether to force deletes the CAM user. If set false, the API secret key will be checked and failed when exists; otherwise the user will be deleted directly. Default is false.","description_kind":"plain","optional":true},"id":{"type":"string","description_kind":"plain","optional":true,"computed":true},"name":{"type":"string","description":"Name of the CAM user.","description_kind":"plain","required":true},"need_reset_password":{"type":"bool","description":"Indicate whether the CAM user need to reset the password when first logins.","description_kind":"plain","optional":true},"password":{"type":"string","description":"The password of the CAM user. Password should be at least 8 characters and no more than 32 characters, includes uppercase letters, lowercase letters, numbers and special characters. Only required when `console_login` is true. If not set, a random password will be automatically generated.","description_kind":"plain","optional":true,"computed":true,"sensitive":true},"phone_num":{"type":"string","description":"Phone number of the CAM user.","description_kind":"plain","optional":true},"remark":{"type":"string","description":"Remark of the CAM user.","description_kind":"plain","optional":true},"secret_id":{"type":"string","description":"Secret ID of the CAM user.","description_kind":"plain","computed":true,"sensitive":true},"secret_key":{"type":"string","description":"Secret key of the CAM user.","description_kind":"plain","computed":true,"sensitive":true},"uid":{"type":"number","description":"ID of the CAM user.","description_kind":"plain","computed":true},"uin":{"type":"number","description":"Uin of the CAM User.","description_kind":"plain","computed":true},"use_api":{"type":"bool","description":"Indicate whether to generate the API secret key or not.","description_kind":"plain","optional":true}},"description_kind":"plain"}},"tencentcloud_cam_user_policy_attachment":{"version":0,"block":{"attributes":{"create_mode":{"type":"number","description":"Mode of Creation of the CAM user policy attachment. 1 means the CAM policy attachment is created by production, and the others indicate syntax strategy ways.","description_kind":"plain","computed":true},"create_time":{"type":"string","description":"Create time of the CAM user policy attachment.","description_kind":"plain","computed":true},"id":{"type":"string","description_kind":"plain","optional":true,"computed":true},"policy_id":{"type":"string","description":"Id of the policy.","description_kind":"plain","required":true},"policy_name":{"type":"string","description":"Name of the policy.","description_kind":"plain","computed":true},"policy_type":{"type":"string","description":"Type of the policy strategy. 'User' means customer strategy and 'QCS' means preset strategy.","description_kind":"plain","computed":true},"user_id":{"type":"string","description":"Id of the attached CAM user.","description_kind":"plain","required":true}},"description_kind":"plain"}},"tencentcloud_cbs_snapshot":{"version":0,"block":{"attributes":{"create_time":{"type":"string","description":"Creation time of snapshot.","description_kind":"plain","computed":true},"disk_type":{"type":"string","description":"Types of CBS which this snapshot created from.","description_kind":"plain","computed":true},"id":{"type":"string","description_kind":"plain","optional":true,"computed":true},"percent":{"type":"number","description":"Snapshot creation progress percentage. If the snapshot has created successfully, the constant value is 100.","description_kind":"plain","computed":true},"snapshot_name":{"type":"string","description":"Name of the snapshot.","description_kind":"plain","required":true},"snapshot_status":{"type":"string","description":"Status of the snapshot.","description_kind":"plain","computed":true},"storage_id":{"type":"string","description":"ID of the the CBS which this snapshot created from.","description_kind":"plain","required":true},"storage_size":{"type":"number","description":"Volume of storage which this snapshot created from.","description_kind":"plain","computed":true}},"description_kind":"plain"}},"tencentcloud_cbs_snapshot_policy":{"version":0,"block":{"attributes":{"id":{"type":"string","description_kind":"plain","optional":true,"computed":true},"repeat_hours":{"type":["list","number"],"description":"Trigger times of periodic snapshot, the available values are 0 to 23. The 0 means 00:00, and so on.","description_kind":"plain","required":true},"repeat_weekdays":{"type":["list","number"],"description":"Periodic snapshot is enabled, the available values are [0, 1, 2, 3, 4, 5, 6]. 0 means Sunday, 1-6 means Monday to Saturday.","description_kind":"plain","required":true},"retention_days":{"type":"number","description":"Retention days of the snapshot, and the default value is 7.","description_kind":"plain","optional":true},"snapshot_policy_name":{"type":"string","description":"Name of snapshot policy. The maximum length can not exceed 60 bytes.","description_kind":"plain","required":true}},"description_kind":"plain"}},"tencentcloud_cbs_snapshot_policy_attachment":{"version":0,"block":{"attributes":{"id":{"type":"string","description_kind":"plain","optional":true,"computed":true},"snapshot_policy_id":{"type":"string","description":"ID of CBS snapshot policy.","description_kind":"plain","required":true},"storage_id":{"type":"string","description":"ID of CBS.","description_kind":"plain","required":true}},"description_kind":"plain"}},"tencentcloud_cbs_storage":{"version":0,"block":{"attributes":{"attached":{"type":"bool","description":"Indicates whether the CBS is mounted the CVM.","description_kind":"plain","computed":true},"availability_zone":{"type":"string","description":"The available zone that the CBS instance locates at.","description_kind":"plain","required":true},"charge_type":{"type":"string","description":"The charge type of CBS instance. Valid values are `PREPAID` and `POSTPAID_BY_HOUR`, The default is `POSTPAID_BY_HOUR`.","description_kind":"plain","optional":true},"encrypt":{"type":"bool","description":"Indicates whether CBS is encrypted.","description_kind":"plain","optional":true},"force_delete":{"type":"bool","description":"Indicate whether to delete CBS instance directly or not. Default is false. If set true, the instance will be deleted instead of staying recycle bin.","description_kind":"plain","optional":true},"id":{"type":"string","description_kind":"plain","optional":true,"computed":true},"period":{"type":"number","description":"The purchased usage period of CBS, and value range [1, 2, 3, 4, 5, 6, 7, 8, 9, 10, 11, 12, 24, 36].","description_kind":"plain","deprecated":true,"optional":true},"prepaid_period":{"type":"number","description":"The tenancy (time unit is month) of the prepaid instance, NOTE: it only works when charge_type is set to `PREPAID`. Valid values are 1, 2, 3, 4, 5, 6, 7, 8, 9, 10, 11, 12, 24, 36.","description_kind":"plain","optional":true,"computed":true},"prepaid_renew_flag":{"type":"string","description":"When enabled, the CBS instance will be renew automatically when it reach the end of the prepaid tenancy. Valid values are `NOTIFY_AND_AUTO_RENEW`, `NOTIFY_AND_MANUAL_RENEW` and `DISABLE_NOTIFY_AND_MANUAL_RENEW`. NOTE: it only works when charge_type is set to `PREPAID`.","description_kind":"plain","optional":true,"computed":true},"project_id":{"type":"number","description":"ID of the project to which the instance belongs.","description_kind":"plain","optional":true},"snapshot_id":{"type":"string","description":"ID of the snapshot. If specified, created the CBS by this snapshot.","description_kind":"plain","optional":true,"computed":true},"storage_name":{"type":"string","description":"Name of CBS. The maximum length can not exceed 60 bytes.","description_kind":"plain","required":true},"storage_size":{"type":"number","description":"Volume of CBS, and unit is GB. If storage type is `CLOUD_SSD`, the size range is [100, 16000], and the others are [10-16000].","description_kind":"plain","required":true},"storage_status":{"type":"string","description":"Status of CBS, and available values include UNATTACHED, ATTACHING, ATTACHED, DETACHING, EXPANDING, ROLLBACKING, TORECYCLE and DUMPING.","description_kind":"plain","computed":true},"storage_type":{"type":"string","description":"Type of CBS medium, and available values include CLOUD_BASIC, CLOUD_PREMIUM and CLOUD_SSD.","description_kind":"plain","required":true},"tags":{"type":["map","string"],"description":"The available tags within this CBS.","description_kind":"plain","optional":true}},"description_kind":"plain"}},"tencentcloud_cbs_storage_attachment":{"version":0,"block":{"attributes":{"id":{"type":"string","description_kind":"plain","optional":true,"computed":true},"instance_id":{"type":"string","description":"ID of the CVM instance.","description_kind":"plain","required":true},"storage_id":{"type":"string","description":"ID of the mounted CBS.","description_kind":"plain","required":true}},"description_kind":"plain"}},"tencentcloud_ccn":{"version":0,"block":{"attributes":{"create_time":{"type":"string","description":"Creation time of resource.","description_kind":"plain","computed":true},"description":{"type":"string","description":"Description of CCN, and maximum length does not exceed 100 bytes.","description_kind":"plain","optional":true},"id":{"type":"string","description_kind":"plain","optional":true,"computed":true},"instance_count":{"type":"number","description":"Number of attached instances.","description_kind":"plain","computed":true},"name":{"type":"string","description":"Name of the CCN to be queried, and maximum length does not exceed 60 bytes.","description_kind":"plain","required":true},"qos":{"type":"string","description":"Service quality of CCN, and the available value include 'PT', 'AU', 'AG'. The default is 'AU'.","description_kind":"plain","optional":true},"state":{"type":"string","description":"States of instance. The available value include 'ISOLATED'(arrears) and 'AVAILABLE'.","description_kind":"plain","computed":true},"tags":{"type":["map","string"],"description":"Instance tag.","description_kind":"plain","optional":true}},"description_kind":"plain"}},"tencentcloud_ccn_attachment":{"version":0,"block":{"attributes":{"attached_time":{"type":"string","description":"Time of attaching.","description_kind":"plain","computed":true},"ccn_id":{"type":"string","description":"ID of the CCN.","description_kind":"plain","required":true},"ccn_uin":{"type":"string","description":"Uin of the ccn attached. Default is ``, which means the uin of this account. This parameter is used with case when attaching ccn of other account to the instance of this account. For now only support instance type `VPC`.","description_kind":"plain","optional":true,"computed":true},"cidr_block":{"type":["list","string"],"description":"A network address block of the instance that is attached.","description_kind":"plain","computed":true},"id":{"type":"string","description_kind":"plain","optional":true,"computed":true},"instance_id":{"type":"string","description":"ID of instance is attached.","description_kind":"plain","required":true},"instance_region":{"type":"string","description":"The region that the instance locates at.","description_kind":"plain","required":true},"instance_type":{"type":"string","description":"Type of attached instance network, and available values include VPC, DIRECTCONNECT, BMVPC and VPNGW. Note: VPNGW type is only for whitelist customer now.","description_kind":"plain","required":true},"state":{"type":"string","description":"States of instance is attached, and available values include PENDING, ACTIVE, EXPIRED, REJECTED, DELETED, FAILED(asynchronous forced disassociation after 2 hours), ATTACHING, DETACHING and DETACHFAILED(asynchronous forced disassociation after 2 hours).","description_kind":"plain","computed":true}},"description_kind":"plain"}},"tencentcloud_ccn_bandwidth_limit":{"version":0,"block":{"attributes":{"bandwidth_limit":{"type":"number","description":"Limitation of bandwidth.","description_kind":"plain","optional":true,"computed":true},"ccn_id":{"type":"string","description":"ID of the CCN.","description_kind":"plain","required":true},"id":{"type":"string","description_kind":"plain","optional":true,"computed":true},"region":{"type":"string","description":"Limitation of region.","description_kind":"plain","required":true}},"description_kind":"plain"}},"tencentcloud_cdn_domain":{"version":0,"block":{"attributes":{"area":{"type":"string","description":"Domain name acceleration region.  Valid values are `mainland`, `overseas` and `global`.","description_kind":"plain","optional":true},"cname":{"type":"string","description":"CNAME address of domain name.","description_kind":"plain","computed":true},"create_time":{"type":"string","description":"Creation time of domain name.","description_kind":"plain","computed":true},"domain":{"type":"string","description":"Name of the acceleration domain.","description_kind":"plain","required":true},"full_url_cache":{"type":"bool","description":"Whether to enable full-path cache. Default value is `true`.","description_kind":"plain","optional":true},"id":{"type":"string","description_kind":"plain","optional":true,"computed":true},"project_id":{"type":"number","description":"The project CDN belongs to, default to 0.","description_kind":"plain","optional":true},"service_type":{"type":"string","description":"Service type of Acceleration domain name. Valid values are `web`, `download` and `media`.","description_kind":"plain","required":true},"status":{"type":"string","description":"Acceleration service status.","description_kind":"plain","computed":true},"tags":{"type":["map","string"],"description":"Tags of cdn domain.","description_kind":"plain","optional":true}},"block_types":{"https_config":{"nesting_mode":"list","block":{"attributes":{"http2_switch":{"type":"string","description":"HTTP2 configuration switch. Valid values are `on` and `off`, and default value is `off`.","description_kind":"plain","optional":true},"https_switch":{"type":"string","description":"HTTPS configuration switch. Valid values are `on` and `off`.","description_kind":"plain","required":true},"ocsp_stapling_switch":{"type":"string","description":"OCSP configuration switch. Valid values are `on` and `off`, and default value is `off`.","description_kind":"plain","optional":true},"spdy_switch":{"type":"string","description":"Spdy configuration switch. Valid values are `on` and `off`, and default value is `off`.","description_kind":"plain","optional":true},"verify_client":{"type":"string","description":"Client certificate authentication feature. Valid values are `on` and `off`, and default value is `off`.","description_kind":"plain","optional":true}},"block_types":{"client_certificate_config":{"nesting_mode":"list","block":{"attributes":{"certificate_content":{"type":"string","description":"Client Certificate PEM format, requires Base64 encoding.","description_kind":"plain","required":true},"certificate_name":{"type":"string","description":"Client certificate name.","description_kind":"plain","computed":true},"deploy_time":{"type":"string","description":"Deploy time of client certificate.","description_kind":"plain","computed":true},"expire_time":{"type":"string","description":"Expire time of client certificate.","description_kind":"plain","computed":true}},"description":"Client certificate configuration information.","description_kind":"plain"},"max_items":1},"server_certificate_config":{"nesting_mode":"list","block":{"attributes":{"certificate_content":{"type":"string","description":"Server certificate information. This is required when uploading an external certificate, which should contain the complete certificate chain.","description_kind":"plain","optional":true},"certificate_id":{"type":"string","description":"Server certificate ID.","description_kind":"plain","optional":true},"certificate_name":{"type":"string","description":"Server certificate name.","description_kind":"plain","computed":true},"deploy_time":{"type":"string","description":"Deploy time of server certificate.","description_kind":"plain","computed":true},"expire_time":{"type":"string","description":"Expire time of server certificate.","description_kind":"plain","computed":true},"message":{"type":"string","description":"Certificate remarks.","description_kind":"plain","optional":true},"private_key":{"type":"string","description":"Server key information. This is required when uploading an external certificate.","description_kind":"plain","optional":true}},"description":"Server certificate configuration information.","description_kind":"plain"},"max_items":1}},"description":"HTTPS acceleration configuration. It's a list and consist of at most one item.","description_kind":"plain"},"max_items":1},"origin":{"nesting_mode":"list","block":{"attributes":{"backup_origin_list":{"type":["list","string"],"description":"Backup origin server list. Valid values can be ip or domain name. When modifying the backup origin server, you need to enter the corresponding `backup_origin_type`.","description_kind":"plain","optional":true},"backup_origin_type":{"type":"string","description":"Backup origin server type. Valid values are `domain` and `ip`.","description_kind":"plain","optional":true},"backup_server_name":{"type":"string","description":"Host header used when accessing the backup origin server. If left empty, the ServerName of master origin server will be used by default.","description_kind":"plain","optional":true},"cos_private_access":{"type":"string","description":"When OriginType is COS, you can specify if access to private buckets is allowed. Valid values are `on` and `off`, and default value is `off`.","description_kind":"plain","optional":true},"origin_list":{"type":["list","string"],"description":"Master origin server list. Valid values can be ip or domain name. When modifying the origin server, you need to enter the corresponding `origin_type`.","description_kind":"plain","required":true},"origin_pull_protocol":{"type":"string","description":"Origin-pull protocol configuration. Valid values are `http`, `https` and `follow`, and default value is `http`.","description_kind":"plain","optional":true},"origin_type":{"type":"string","description":"Master origin server type. Valid values are `domain`, `cos`, `ip`, `ipv6` and `ip_ipv6`.","description_kind":"plain","required":true},"server_name":{"type":"string","description":"Host header used when accessing the master origin server. If left empty, the acceleration domain name will be used by default.","description_kind":"plain","optional":true}},"description":"Origin server configuration. It's a list and consist of at most one item.","description_kind":"plain"},"min_items":1,"max_items":1}},"description_kind":"plain"}},"tencentcloud_cfs_access_group":{"version":0,"block":{"attributes":{"create_time":{"type":"string","description":"Create time of the access group.","description_kind":"plain","computed":true},"description":{"type":"string","description":"Description of the access group, and max length is 255.","description_kind":"plain","optional":true},"id":{"type":"string","description_kind":"plain","optional":true,"computed":true},"name":{"type":"string","description":"Name of the access group, and max length is 64.","description_kind":"plain","required":true}},"description_kind":"plain"}},"tencentcloud_cfs_access_rule":{"version":0,"block":{"attributes":{"access_group_id":{"type":"string","description":"ID of a access group.","description_kind":"plain","required":true},"auth_client_ip":{"type":"string","description":"A single IP or a single IP address range such as 10.1.10.11 or 10.10.1.0/24 indicates that all IPs are allowed. Please note that the IP entered should be CVM's private IP.","description_kind":"plain","required":true},"id":{"type":"string","description_kind":"plain","optional":true,"computed":true},"priority":{"type":"number","description":"The priority level of rule. The range is 1-100, and 1 indicates the highest priority.","description_kind":"plain","required":true},"rw_permission":{"type":"string","description":"Read and write permissions. Valid values are `RO` and `RW`, and default is `RO`.","description_kind":"plain","optional":true},"user_permission":{"type":"string","description":"The permissions of accessing users. Valid values are `all_squash`, `no_all_squash`, `root_squash` and `no_root_squash`, and default is `root_squash`. `all_squash` indicates that all access users are mapped as anonymous users or user groups; `no_all_squash` indicates that access users will match local users first and be mapped to anonymous users or user groups after matching failed; `root_squash` indicates that map access root users to anonymous users or user groups; `no_root_squash` indicates that access root users keep root account permission.","description_kind":"plain","optional":true}},"description_kind":"plain"}},"tencentcloud_cfs_file_system":{"version":0,"block":{"attributes":{"access_group_id":{"type":"string","description":"ID of a access group.","description_kind":"plain","required":true},"availability_zone":{"type":"string","description":"The available zone that the file system locates at.","description_kind":"plain","required":true},"create_time":{"type":"string","description":"Create time of the file system.","description_kind":"plain","computed":true},"id":{"type":"string","description_kind":"plain","optional":true,"computed":true},"mount_ip":{"type":"string","description":"IP of mount point.","description_kind":"plain","optional":true,"computed":true},"name":{"type":"string","description":"Name of a file system.","description_kind":"plain","optional":true,"computed":true},"protocol":{"type":"string","description":"File service protocol. Valid values are `NFS` and `CIFS`, and the default is `NFS`.","description_kind":"plain","optional":true},"subnet_id":{"type":"string","description":"ID of a subnet.","description_kind":"plain","required":true},"tags":{"type":["map","string"],"description":"Instance tags.","description_kind":"plain","optional":true},"vpc_id":{"type":"string","description":"ID of a VPC network.","description_kind":"plain","required":true}},"description_kind":"plain"}},"tencentcloud_ckafka_acl":{"version":0,"block":{"attributes":{"host":{"type":"string","description":"IP address allowed to access. The default value is `*`, which means that any host can access.","description_kind":"plain","optional":true},"id":{"type":"string","description_kind":"plain","optional":true,"computed":true},"instance_id":{"type":"string","description":"Id of the ckafka instance.","description_kind":"plain","required":true},"operation_type":{"type":"string","description":"ACL operation mode, valid values are `UNKNOWN`, `ANY`, `ALL`, `READ`, `WRITE`, `CREATE`, `DELETE`, `ALTER`, `DESCRIBE`, `CLUSTER_ACTION`, `DESCRIBE_CONFIGS` and `ALTER_CONFIGS`.","description_kind":"plain","required":true},"permission_type":{"type":"string","description":"ACL permission type, valid values are `UNKNOWN`, `ANY`, `DENY`, `ALLOW`, and `ALLOW` by default. Currently, CKafka supports `ALLOW` (equivalent to allow list), and other fields will be used for future ACLs compatible with open-source Kafka.","description_kind":"plain","optional":true},"principal":{"type":"string","description":"User list. The default value is `*`, which means that any user can access. The current user can only be one included in the user list.","description_kind":"plain","optional":true},"resource_name":{"type":"string","description":"ACL resource name, which is related to `resource_type`. For example, if `resource_type` is `TOPIC`, this field indicates the topic name; if `resource_type` is `GROUP`, this field indicates the group name.","description_kind":"plain","required":true},"resource_type":{"type":"string","description":"ACL resource type. Valid values are `UNKNOWN`, `ANY`, `TOPIC`, `GROUP`, `CLUSTER`, `TRANSACTIONAL_ID`, and `TOPIC` by default. Currently, only `TOPIC` is available, and other fields will be used for future ACLs compatible with open-source Kafka.","description_kind":"plain","optional":true}},"description_kind":"plain"}},"tencentcloud_ckafka_topic":{"version":0,"block":{"attributes":{"clean_up_policy":{"type":"string","description":"Clear log policy, log clear mode, default is `delete`. `delete`: logs are deleted according to the storage time. `compact`: logs are compressed according to the key. `compact, delete`: logs are compressed according to the key and will be deleted according to the storage time.","description_kind":"plain","optional":true},"create_time":{"type":"string","description":"Create time of the CKafka topic.","description_kind":"plain","computed":true},"enable_white_list":{"type":"bool","description":"Whether to open the ip whitelist, true: open, false: close.","description_kind":"plain","optional":true},"forward_cos_bucket":{"type":"string","description":"Data backup cos bucket: the bucket address that is dumped to cos.","description_kind":"plain","computed":true},"forward_interval":{"type":"number","description":"Periodic frequency of data backup to cos.","description_kind":"plain","computed":true},"forward_status":{"type":"number","description":"Data backup cos status. 1: do not open data backup, 0: open data backup.","description_kind":"plain","computed":true},"id":{"type":"string","description_kind":"plain","optional":true,"computed":true},"instance_id":{"type":"string","description":"Ckafka instance ID.","description_kind":"plain","required":true},"ip_white_list":{"type":["list","string"],"description":"Ip whitelist, quota limit, required when enableWhileList=true.","description_kind":"plain","optional":true},"max_message_bytes":{"type":"number","description":"Max message bytes.","description_kind":"plain","optional":true},"message_storage_location":{"type":"string","description":"Message storage location.","description_kind":"plain","computed":true},"note":{"type":"string","description":"The subject note is a string of no more than 64 characters. It must start with a letter, and the remaining part can contain letters, numbers and dashes (-).","description_kind":"plain","optional":true},"partition_num":{"type":"number","description":"The number of partition.","description_kind":"plain","required":true},"replica_num":{"type":"number","description":"The number of replica, the maximum is 3.","description_kind":"plain","required":true},"retention":{"type":"number","description":"Message can be selected. Retention time, unit ms, the current minimum value is 60000ms.","description_kind":"plain","optional":true},"segment":{"type":"number","description":"Segment scrolling time, in ms, the current minimum is 3600000ms.","description_kind":"plain","optional":true},"segment_bytes":{"type":"number","description":"Number of bytes rolled by shard.","description_kind":"plain","computed":true},"sync_replica_min_num":{"type":"number","description":"Min number of sync replicas, Default is 1.","description_kind":"plain","optional":true},"topic_name":{"type":"string","description":"Name of the CKafka topic. It must start with a letter, the rest can contain letters, numbers and dashes(-). The length range is from 1 to 64.","description_kind":"plain","required":true},"unclean_leader_election_enable":{"type":"bool","description":"Whether to allow unsynchronized replicas to be selected as leader, default is `false`, `true: `allowed, `false`: not allowed.","description_kind":"plain","optional":true}},"description_kind":"plain"}},"tencentcloud_ckafka_user":{"version":0,"block":{"attributes":{"account_name":{"type":"string","description":"Account name used to access to ckafka instance.","description_kind":"plain","required":true},"create_time":{"type":"string","description":"Creation time of the account.","description_kind":"plain","computed":true},"id":{"type":"string","description_kind":"plain","optional":true,"computed":true},"instance_id":{"type":"string","description":"Id of the ckafka instance.","description_kind":"plain","required":true},"password":{"type":"string","description":"Password of the account.","description_kind":"plain","required":true,"sensitive":true},"update_time":{"type":"string","description":"The last update time of the account.","description_kind":"plain","computed":true}},"description_kind":"plain"}},"tencentcloud_clb_attachment":{"version":0,"block":{"attributes":{"clb_id":{"type":"string","description":"Id of the CLB.","description_kind":"plain","required":true},"id":{"type":"string","description_kind":"plain","optional":true,"computed":true},"listener_id":{"type":"string","description":"Id of the CLB listener.","description_kind":"plain","required":true},"protocol_type":{"type":"string","description":"Type of protocol within the listener.","description_kind":"plain","computed":true},"rule_id":{"type":"string","description":"Id of the CLB listener rule. Only supports listeners of 'HTTPS' and 'HTTP' protocol.","description_kind":"plain","optional":true}},"block_types":{"targets":{"nesting_mode":"set","block":{"attributes":{"instance_id":{"type":"string","description":"Id of the backend server.","description_kind":"plain","required":true},"port":{"type":"number","description":"Port of the backend server.","description_kind":"plain","required":true},"weight":{"type":"number","description":"Forwarding weight of the backend service, the range of [0, 100], defaults to 10.","description_kind":"plain","optional":true}},"description":"Information of the backends to be attached.","description_kind":"plain"},"min_items":1,"max_items":100}},"description_kind":"plain"}},"tencentcloud_clb_instance":{"version":0,"block":{"attributes":{"clb_name":{"type":"string","description":"Name of the CLB. The name can only contain Chinese characters, English letters, numbers, underscore and hyphen '-'.","description_kind":"plain","required":true},"clb_vips":{"type":["list","string"],"description":"The virtual service address table of the CLB.","description_kind":"plain","computed":true},"id":{"type":"string","description_kind":"plain","optional":true,"computed":true},"network_type":{"type":"string","description":"Type of CLB instance, and available values include 'OPEN' and 'INTERNAL'.","description_kind":"plain","required":true},"project_id":{"type":"number","description":"Id of the project within the CLB instance, '0' - Default Project.","description_kind":"plain","optional":true},"security_groups":{"type":["list","string"],"description":"Security groups of the CLB instance. Only supports 'OPEN' CLBs.","description_kind":"plain","optional":true},"subnet_id":{"type":"string","description":"Subnet id of the CLB. Effective only for CLB within the VPC. Only supports 'INTERNAL' CLBs.","description_kind":"plain","optional":true},"tags":{"type":["map","string"],"description":"The available tags within this CLB.","description_kind":"plain","optional":true},"target_region_info_region":{"type":"string","description":"Region information of backend services are attached the CLB instance. Only supports 'OPEN' CLBs.","description_kind":"plain","optional":true,"computed":true},"target_region_info_vpc_id":{"type":"string","description":"Vpc information of backend services are attached the CLB instance. Only supports 'OPEN' CLBs.","description_kind":"plain","optional":true,"computed":true},"vpc_id":{"type":"string","description":"VPC id of the CLB.","description_kind":"plain","optional":true,"computed":true}},"description_kind":"plain"}},"tencentcloud_clb_listener":{"version":0,"block":{"attributes":{"certificate_ca_id":{"type":"string","description":"Id of the client certificate. NOTES: Only supports listeners of 'HTTPS' and 'TCP_SSL' protocol and must be set when the ssl mode is 'MUTUAL'.","description_kind":"plain","optional":true},"certificate_id":{"type":"string","description":"Id of the server certificate. NOTES: Only supports listeners of 'HTTPS' and 'TCP_SSL' protocol and must be set when it is available.","description_kind":"plain","optional":true},"certificate_ssl_mode":{"type":"string","description":"Type of certificate, and available values are 'UNIDIRECTIONAL', 'MUTUAL'. NOTES: Only supports listeners of 'HTTPS' and 'TCP_SSL' protocol and must be set when it is available.","description_kind":"plain","optional":true},"clb_id":{"type":"string","description":"Id of the CLB.","description_kind":"plain","required":true},"health_check_health_num":{"type":"number","description":"Health threshold of health check, and the default is 3. If a success result is returned for the health check for 3 consecutive times, the backend CVM is identified as healthy. The value range is 2-10. NOTES: TCP/UDP/TCP_SSL listener allows direct configuration, HTTP/HTTPS listener needs to be configured in tencentcloud_clb_listener_rule.","description_kind":"plain","optional":true,"computed":true},"health_check_interval_time":{"type":"number","description":"Interval time of health check. The value range is 5-300 sec, and the default is 5 sec. NOTES: TCP/UDP/TCP_SSL listener allows direct configuration, HTTP/HTTPS listener needs to be configured in tencentcloud_clb_listener_rule.","description_kind":"plain","optional":true,"computed":true},"health_check_switch":{"type":"bool","description":"Indicates whether health check is enabled.","description_kind":"plain","optional":true,"computed":true},"health_check_time_out":{"type":"number","description":"Response timeout of health check. The value range is 2-60 sec, and the default is 2 sec. Response timeout needs to be less than check interval. NOTES: Only supports listeners of 'TCP','UDP','TCP_SSL' protocol.","description_kind":"plain","optional":true,"computed":true},"health_check_unhealth_num":{"type":"number","description":"Unhealthy threshold of health check, and the default is 3. If a success result is returned for the health check 3 consecutive times, the CVM is identified as unhealthy. The value range is 2-10. NOTES: TCP/UDP/TCP_SSL listener allows direct configuration, HTTP/HTTPS listener needs to be configured in tencentcloud_clb_listener_rule.","description_kind":"plain","optional":true,"computed":true},"id":{"type":"string","description_kind":"plain","optional":true,"computed":true},"listener_name":{"type":"string","description":"Name of the CLB listener, and available values can only be Chinese characters, English letters, numbers, underscore and hyphen '-'.","description_kind":"plain","required":true},"port":{"type":"number","description":"Port of the CLB listener.","description_kind":"plain","optional":true},"protocol":{"type":"string","description":"Type of protocol within the listener, and available values are 'TCP', 'UDP', 'HTTP', 'HTTPS' and 'TCP_SSL'.","description_kind":"plain","required":true},"scheduler":{"type":"string","description":"Scheduling method of the CLB listener, and available values are 'WRR' and 'LEAST_CONN'. The default is 'WRR'. NOTES: The listener of HTTP and 'HTTPS' protocol additionally supports the 'IP Hash' method. NOTES: TCP/UDP/TCP_SSL listener allows direct configuration, HTTP/HTTPS listener needs to be configured in tencentcloud_clb_listener_rule.","description_kind":"plain","optional":true},"session_expire_time":{"type":"number","description":"Time of session persistence within the CLB listener. NOTES: Available when scheduler is specified as 'WRR', and not available when listener protocol is 'TCP_SSL'. NOTES: TCP/UDP/TCP_SSL listener allows direct configuration, HTTP/HTTPS listener needs to be configured in tencentcloud_clb_listener_rule.","description_kind":"plain","optional":true},"sni_switch":{"type":"bool","description":"Indicates whether SNI is enabled, and only supported with protocol 'HTTPS'. If enabled, you can set a certificate for each rule in `tencentcloud_clb_listener_rule`, otherwise all rules have a certificate.","description_kind":"plain","optional":true}},"description_kind":"plain"}},"tencentcloud_clb_listener_rule":{"version":0,"block":{"attributes":{"certificate_ca_id":{"type":"string","description":"Id of the client certificate. NOTES: Only supports listeners of 'HTTPS' protocol.","description_kind":"plain","optional":true},"certificate_id":{"type":"string","description":"Id of the server certificate. NOTES: Only supports listeners of 'HTTPS' protocol.","description_kind":"plain","optional":true},"certificate_ssl_mode":{"type":"string","description":"Type of certificate, and available values inclue 'UNIDIRECTIONAL', 'MUTUAL'. NOTES: Only supports listeners of 'HTTPS' protocol.","description_kind":"plain","optional":true},"clb_id":{"type":"string","description":"Id of CLB instance.","description_kind":"plain","required":true},"domain":{"type":"string","description":"Domain name of the listener rule.","description_kind":"plain","required":true},"health_check_health_num":{"type":"number","description":"Health threshold of health check, and the default is 3. If a success result is returned for the health check 3 consecutive times, indicates that the forwarding is normal. The value range is 2-10. NOTES: TCP/UDP/TCP_SSL listener allows direct configuration, HTTP/HTTPS listener needs to be configured in tencentcloud_clb_listener_rule.","description_kind":"plain","optional":true,"computed":true},"health_check_http_code":{"type":"number","description":"HTTP Status Code. The default is 31 and value range is 1-31. 1 means the return value '1xx' is health. 2 means the return value '2xx' is health. 4 means the return value '3xx' is health. 8 means the return value '4xx' is health. 16 means the return value '5xx' is health. If you want multiple return codes to indicate health, need to add the corresponding values. NOTES: The 'HTTP' health check of the 'TCP' listener only supports specifying one health check status code. NOTES: Only supports listeners of 'HTTP' and 'HTTPS' protocol.","description_kind":"plain","optional":true,"computed":true},"health_check_http_domain":{"type":"string","description":"Domain name of health check. NOTES: Only supports listeners of 'HTTP' and 'HTTPS' protocol.","description_kind":"plain","optional":true,"computed":true},"health_check_http_method":{"type":"string","description":"Methods of health check. NOTES: Only supports listeners of 'HTTP' and 'HTTPS' protocol. The default is 'HEAD', the available value are 'HEAD' and 'GET'.","description_kind":"plain","optional":true,"computed":true},"health_check_http_path":{"type":"string","description":"Path of health check. NOTES: Only supports listeners of 'HTTP' and 'HTTPS' protocol.","description_kind":"plain","optional":true,"computed":true},"health_check_interval_time":{"type":"number","description":"Interval time of health check. The value range is 5-300 sec, and the default is 5 sec. NOTES: TCP/UDP/TCP_SSL listener allows direct configuration, HTTP/HTTPS listener needs to be configured in tencentcloud_clb_listener_rule.","description_kind":"plain","optional":true,"computed":true},"health_check_switch":{"type":"bool","description":"Indicates whether health check is enabled.","description_kind":"plain","optional":true,"computed":true},"health_check_unhealth_num":{"type":"number","description":"Unhealthy threshold of health check, and the default is 3. If the unhealth result is returned 3 consecutive times, indicates that the forwarding is abnormal. The value range is 2-10.  NOTES: TCP/UDP/TCP_SSL listener allows direct configuration, HTTP/HTTPS listener needs to be configured in tencentcloud_clb_listener_rule.","description_kind":"plain","optional":true,"computed":true},"id":{"type":"string","description_kind":"plain","optional":true,"computed":true},"listener_id":{"type":"string","description":"Id of CLB listener.","description_kind":"plain","required":true},"scheduler":{"type":"string","description":"Scheduling method of the CLB listener rules, and available values are 'WRR', 'IP HASH' and 'LEAST_CONN'. The default is 'WRR'.  NOTES: TCP/UDP/TCP_SSL listener allows direct configuration, HTTP/HTTPS listener needs to be configured in tencentcloud_clb_listener_rule.","description_kind":"plain","optional":true},"session_expire_time":{"type":"number","description":"Time of session persistence within the CLB listener. NOTES: Available when scheduler is specified as 'WRR', and not available when listener protocol is 'TCP_SSL'.  NOTES: TCP/UDP/TCP_SSL listener allows direct configuration, HTTP/HTTPS listener needs to be configured in tencentcloud_clb_listener_rule.","description_kind":"plain","optional":true},"url":{"type":"string","description":"Url of the listener rule.","description_kind":"plain","required":true}},"description_kind":"plain"}},"tencentcloud_clb_redirection":{"version":0,"block":{"attributes":{"clb_id":{"type":"string","description":"Id of CLB instance.","description_kind":"plain","required":true},"id":{"type":"string","description_kind":"plain","optional":true,"computed":true},"is_auto_rewrite":{"type":"bool","description":"Indicates whether automatic forwarding is enable, default is false. If enabled, the source listener and location should be empty, the target listener must be https protocol and port is 443.","description_kind":"plain","optional":true},"source_listener_id":{"type":"string","description":"Id of source listener.","description_kind":"plain","optional":true,"computed":true},"source_rule_id":{"type":"string","description":"Rule id of source listener.","description_kind":"plain","optional":true,"computed":true},"target_listener_id":{"type":"string","description":"Id of source listener.","description_kind":"plain","required":true},"target_rule_id":{"type":"string","description":"Rule id of target listener.","description_kind":"plain","required":true}},"description_kind":"plain"}},"tencentcloud_container_cluster":{"version":0,"block":{"attributes":{"bandwidth":{"type":"number","description":"The network bandwidth of the node.","description_kind":"plain","required":true},"bandwidth_type":{"type":"string","description":"The network type of the node.","description_kind":"plain","required":true},"cluster_cidr":{"type":"string","description":"The CIDR which the cluster is going to use.","description_kind":"plain","required":true},"cluster_desc":{"type":"string","description":"The description of the cluster.","description_kind":"plain","optional":true},"cluster_name":{"type":"string","description":"The name of the cluster.","description_kind":"plain","required":true},"cluster_version":{"type":"string","description":"The kubernetes version of the cluster.","description_kind":"plain","optional":true},"cpu":{"type":"number","description":"The cpu of the node.","description_kind":"plain","deprecated":true,"optional":true},"cvm_type":{"type":"string","description":"The type of node needed by cvm.","description_kind":"plain","optional":true},"docker_graph_path":{"type":"string","description":"The docker graph path is going to mounted.","description_kind":"plain","optional":true},"goods_num":{"type":"number","description":"The node number is going to create in the cluster.","description_kind":"plain","required":true},"id":{"type":"string","description_kind":"plain","optional":true,"computed":true},"instance_name":{"type":"string","description":"The name ot node.","description_kind":"plain","optional":true},"instance_type":{"type":"string","description":"The instance type of the node needed by cvm.","description_kind":"plain","required":true},"is_vpc_gateway":{"type":"number","description":"Describe whether the node enable the gateway capability.","description_kind":"plain","required":true},"key_id":{"type":"string","description":"The key_id of each node(if using key pair to access).","description_kind":"plain","optional":true},"kubernetes_version":{"type":"string","description":"The kubernetes version of the cluster.","description_kind":"plain","computed":true},"mem":{"type":"number","description":"The memory of the node.","description_kind":"plain","deprecated":true,"optional":true},"mount_target":{"type":"string","description":"The path which volume is going to be mounted.","description_kind":"plain","optional":true},"nodes_num":{"type":"number","description":"The node number of the cluster.","description_kind":"plain","computed":true},"nodes_status":{"type":"string","description":"The node status of the cluster.","description_kind":"plain","computed":true},"os_name":{"type":"string","description":"The system os name of the node.","description_kind":"plain","required":true},"password":{"type":"string","description":"The password of each node.","description_kind":"plain","optional":true},"period":{"type":"number","description":"The puchase duration of the node needed by cvm.","description_kind":"plain","optional":true},"require_wan_ip":{"type":"number","description":"Indicate whether wan ip is needed.","description_kind":"plain","optional":true},"root_size":{"type":"number","description":"The size of the root volume.","description_kind":"plain","required":true},"root_type":{"type":"string","description":"The type of the root volume. see more from CVM.","description_kind":"plain","optional":true},"sg_id":{"type":"string","description":"The security group id.","description_kind":"plain","optional":true},"storage_size":{"type":"number","description":"The size of the data volume.","description_kind":"plain","required":true},"storage_type":{"type":"string","description":"The type of the data volume. see more from CVM.","description_kind":"plain","optional":true},"subnet_id":{"type":"string","description":"The subnet id which the node stays in.","description_kind":"plain","required":true},"total_cpu":{"type":"number","description":"The total cpu of the cluster.","description_kind":"plain","computed":true},"total_mem":{"type":"number","description":"The total memory of the cluster.","description_kind":"plain","computed":true},"unschedulable":{"type":"number","description":"Determine whether the node will be schedulable. 0 is the default meaning node will be schedulable. 1 for unschedulable.","description_kind":"plain","optional":true},"user_script":{"type":"string","description":"User defined script in a base64-format. The script runs after the kubernetes component is ready on node. see more from CCS api documents.","description_kind":"plain","optional":true},"vpc_id":{"type":"string","description":"Specify vpc which the node(s) stay in.","description_kind":"plain","required":true},"zone_id":{"type":"string","description":"The zone which the node stays in.","description_kind":"plain","required":true}},"description_kind":"plain","deprecated":true}},"tencentcloud_container_cluster_instance":{"version":0,"block":{"attributes":{"abnormal_reason":{"type":"string","description":"Describe the reason when node is in abnormal state(if it was).","description_kind":"plain","computed":true},"bandwidth":{"type":"number","description":"The network bandwidth of the node.","description_kind":"plain","required":true},"bandwidth_type":{"type":"string","description":"The network type of the node.","description_kind":"plain","required":true},"cluster_id":{"type":"string","description":"The id of the cluster.","description_kind":"plain","required":true},"cpu":{"type":"number","description":"The cpu of the node.","description_kind":"plain","deprecated":true,"optional":true},"cvm_type":{"type":"string","description":"The type of node needed by cvm.","description_kind":"plain","optional":true},"docker_graph_path":{"type":"string","description":"The docker graph path is going to mounted.","description_kind":"plain","optional":true},"id":{"type":"string","description_kind":"plain","optional":true,"computed":true},"instance_id":{"type":"string","description":"An id identify the node, provided by cvm.","description_kind":"plain","computed":true},"instance_name":{"type":"string","description":"The name ot node.","description_kind":"plain","optional":true},"instance_type":{"type":"string","description":"The instance type of the node needed by cvm.","description_kind":"plain","optional":true},"is_normal":{"type":"number","description":"Describe whether the node is normal.","description_kind":"plain","computed":true},"is_vpc_gateway":{"type":"number","description":"Describe whether the node enable the gateway capability.","description_kind":"plain","required":true},"key_id":{"type":"string","description":"The key_id of each node(if using key pair to access).","description_kind":"plain","optional":true},"lan_ip":{"type":"string","description":"Describe the lan ip of the node.","description_kind":"plain","computed":true},"mem":{"type":"number","description":"The memory of the node.","description_kind":"plain","deprecated":true,"optional":true},"mount_target":{"type":"string","description":"The path which volume is going to be mounted.","description_kind":"plain","optional":true},"password":{"type":"string","description":"The password of each node.","description_kind":"plain","optional":true},"period":{"type":"number","description":"The puchase duration of the node needed by cvm.","description_kind":"plain","optional":true},"require_wan_ip":{"type":"number","description":"Indicate whether wan ip is needed.","description_kind":"plain","optional":true},"root_size":{"type":"number","description":"The size of the root volume.","description_kind":"plain","required":true},"root_type":{"type":"string","description":"The type of the root volume. see more from CVM.","description_kind":"plain","optional":true},"sg_id":{"type":"string","description":"The security group id.","description_kind":"plain","optional":true},"storage_size":{"type":"number","description":"The size of the data volume.","description_kind":"plain","required":true},"storage_type":{"type":"string","description":"The type of the data volume. see more from CVM.","description_kind":"plain","optional":true},"subnet_id":{"type":"string","description":"The subnet id which the node stays in.","description_kind":"plain","required":true},"unschedulable":{"type":"number","description":"Determine whether the node will be schedulable. 0 is the default meaning node will be schedulable. 1 for unschedulable.","description_kind":"plain","optional":true},"user_script":{"type":"string","description":"User defined script in a base64-format. The script runs after the kubernetes component is ready on node. see more from CCS api documents.","description_kind":"plain","optional":true},"wan_ip":{"type":"string","description":"Describe the wan ip of the node.","description_kind":"plain","computed":true},"zone_id":{"type":"string","description":"The zone which the node stays in.","description_kind":"plain","required":true}},"description_kind":"plain","deprecated":true}},"tencentcloud_cos_bucket":{"version":0,"block":{"attributes":{"acl":{"type":"string","description":"The canned ACL to apply. Available values include private, public-read, and public-read-write. Defaults to private.","description_kind":"plain","optional":true},"bucket":{"type":"string","description":"The name of a bucket to be created. Bucket format should be [custom name]-[appid], for example `mycos-1258798060`.","description_kind":"plain","required":true},"encryption_algorithm":{"type":"string","description":"The server-side encryption algorithm to use. Valid value is `AES256`.","description_kind":"plain","optional":true},"id":{"type":"string","description_kind":"plain","optional":true,"computed":true},"tags":{"type":["map","string"],"description":"The tags of a bucket.","description_kind":"plain","optional":true},"versioning_enable":{"type":"bool","description":"Enable bucket versioning.","description_kind":"plain","optional":true}},"block_types":{"cors_rules":{"nesting_mode":"list","block":{"attributes":{"allowed_headers":{"type":["list","string"],"description":"Specifies which headers are allowed.","description_kind":"plain","required":true},"allowed_methods":{"type":["list","string"],"description":"Specifies which methods are allowed. Can be GET, PUT, POST, DELETE or HEAD.","description_kind":"plain","required":true},"allowed_origins":{"type":["list","string"],"description":"Specifies which origins are allowed.","description_kind":"plain","required":true},"expose_headers":{"type":["list","string"],"description":"Specifies expose header in the response.","description_kind":"plain","optional":true},"max_age_seconds":{"type":"number","description":"Specifies time in seconds that browser can cache the response for a preflight request.","description_kind":"plain","optional":true}},"description":"A rule of Cross-Origin Resource Sharing (documented below).","description_kind":"plain"}},"lifecycle_rules":{"nesting_mode":"list","block":{"attributes":{"filter_prefix":{"type":"string","description":"Object key prefix identifying one or more objects to which the rule applies.","description_kind":"plain","required":true}},"block_types":{"expiration":{"nesting_mode":"set","block":{"attributes":{"date":{"type":"string","description":"Specifies the date after which you want the corresponding action to take effect.","description_kind":"plain","optional":true},"days":{"type":"number","description":"Specifies the number of days after object creation when the specific rule action takes effect.","description_kind":"plain","optional":true}},"description":"Specifies a period in the object's expire (documented below).","description_kind":"plain"},"max_items":1},"transition":{"nesting_mode":"set","block":{"attributes":{"date":{"type":"string","description":"Specifies the date after which you want the corresponding action to take effect.","description_kind":"plain","optional":true},"days":{"type":"number","description":"Specifies the number of days after object creation when the specific rule action takes effect.","description_kind":"plain","optional":true},"storage_class":{"type":"string","description":"Specifies the storage class to which you want the object to transition. Available values include STANDARD, STANDARD_IA and ARCHIVE.","description_kind":"plain","required":true}},"description":"Specifies a period in the object's transitions (documented below).","description_kind":"plain"}}},"description":"A configuration of object lifecycle management (documented below).","description_kind":"plain"}},"website":{"nesting_mode":"list","block":{"attributes":{"error_document":{"type":"string","description":"An absolute path to the document to return in case of a 4XX error.","description_kind":"plain","optional":true},"index_document":{"type":"string","description":"COS returns this index document when requests are made to the root domain or any of the subfolders.","description_kind":"plain","optional":true}},"description":"A website object(documented below).","description_kind":"plain"},"max_items":1}},"description_kind":"plain"}},"tencentcloud_cos_bucket_object":{"version":0,"block":{"attributes":{"acl":{"type":"string","description":"The canned ACL to apply. Available values include private, public-read, and public-read-write. Defaults to private.","description_kind":"plain","optional":true},"bucket":{"type":"string","description":"The name of a bucket to use. Bucket format should be [custom name]-[appid], for example `mycos-1258798060`.","description_kind":"plain","required":true},"cache_control":{"type":"string","description":"Specifies caching behavior along the request/reply chain. For further details, RFC2616 can be referred.","description_kind":"plain","optional":true,"computed":true},"content":{"type":"string","description":"Literal string value to use as the object content, which will be uploaded as UTF-8-encoded text.","description_kind":"plain","optional":true},"content_disposition":{"type":"string","description":"Specifies presentational information for the object.","description_kind":"plain","optional":true},"content_encoding":{"type":"string","description":"Specifies what content encodings have been applied to the object and thus what decoding mechanisms must be applied to obtain the media-type referenced by the Content-Type header field.","description_kind":"plain","optional":true},"content_type":{"type":"string","description":"A standard MIME type describing the format of the object data.","description_kind":"plain","optional":true,"computed":true},"etag":{"type":"string","description":"The ETag generated for the object (an MD5 sum of the object content).","description_kind":"plain","optional":true,"computed":true},"id":{"type":"string","description_kind":"plain","optional":true,"computed":true},"key":{"type":"string","description":"The name of the object once it is in the bucket.","description_kind":"plain","required":true},"source":{"type":"string","description":"The path to the source file being uploaded to the bucket.","description_kind":"plain","optional":true},"storage_class":{"type":"string","description":"Object storage type, Available values include STANDARD, STANDARD_IA and ARCHIVE.","description_kind":"plain","optional":true,"computed":true}},"description_kind":"plain"}},"tencentcloud_dayu_cc_http_policy":{"version":0,"block":{"attributes":{"action":{"type":"string","description":"Action mode, only valid when `smode` is `matching`. Valid values are `alg` and `drop`.","description_kind":"plain","optional":true,"computed":true},"create_time":{"type":"string","description":"Create time of the CC self-define http policy.","description_kind":"plain","computed":true},"frequency":{"type":"number","description":"Max frequency per minute, only valid when `smode` is `speedlimit`, the valid value ranges from 1 to 10000.","description_kind":"plain","optional":true,"computed":true},"id":{"type":"string","description_kind":"plain","optional":true,"computed":true},"ip":{"type":"string","description":"Ip of the CC self-define http policy, only valid when `resource_type` is `bgp-multip`. The num of list items can only be set one.","description_kind":"plain","optional":true,"computed":true},"name":{"type":"string","description":"Name of the CC self-define http policy. Length should between 1 and 20.","description_kind":"plain","required":true},"policy_id":{"type":"string","description":"Id of the CC self-define http policy.","description_kind":"plain","computed":true},"resource_id":{"type":"string","description":"ID of the resource that the CC self-define http policy works for.","description_kind":"plain","required":true},"resource_type":{"type":"string","description":"Type of the resource that the CC self-define http policy works for, valid values are `bgpip`, `bgp`, `bgp-multip` and `net`.","description_kind":"plain","required":true},"smode":{"type":"string","description":"Match mode, and valid values are `matching`, `speedlimit`. Note: the speed limit type CC self-define policy can only set one.","description_kind":"plain","optional":true},"switch":{"type":"bool","description":"Indicate the CC self-define http policy takes effect or not.","description_kind":"plain","optional":true}},"block_types":{"rule_list":{"nesting_mode":"set","block":{"attributes":{"operator":{"type":"string","description":"Operator of the rule, valid values are `include`, `not_include`, `equal`.","description_kind":"plain","optional":true},"skey":{"type":"string","description":"Key of the rule, valid values are `host`, `cgi`, `ua`, `referer`.","description_kind":"plain","optional":true},"value":{"type":"string","description":"Rule value, then length should be less than 31 bytes.","description_kind":"plain","optional":true}},"description":"Rule list of the CC self-define http policy,  only valid when `smode` is `matching`.","description_kind":"plain"}}},"description_kind":"plain"}},"tencentcloud_dayu_cc_https_policy":{"version":0,"block":{"attributes":{"action":{"type":"string","description":"Action mode. Valid values are `alg` and `drop`.","description_kind":"plain","optional":true,"computed":true},"create_time":{"type":"string","description":"Create time of the CC self-define https policy.","description_kind":"plain","computed":true},"domain":{"type":"string","description":"Domain that the CC self-define https policy works for, only valid when `protocol` is `https`.","description_kind":"plain","required":true},"id":{"type":"string","description_kind":"plain","optional":true,"computed":true},"ip_list":{"type":["set","string"],"description":"Ip of the CC self-define https policy.","description_kind":"plain","computed":true},"name":{"type":"string","description":"Name of the CC self-define https policy. Length should between 1 and 20.","description_kind":"plain","required":true},"policy_id":{"type":"string","description":"Id of the CC self-define https policy.","description_kind":"plain","computed":true},"resource_id":{"type":"string","description":"ID of the resource that the CC self-define https policy works for.","description_kind":"plain","required":true},"resource_type":{"type":"string","description":"Type of the resource that the CC self-define https policy works for, valid value is `bgpip`.","description_kind":"plain","required":true},"rule_id":{"type":"string","description":"Rule id of the domain that the CC self-define https policy works for, only valid when `protocol` is `https`.","description_kind":"plain","required":true},"switch":{"type":"bool","description":"Indicate the CC self-define https policy takes effect or not.","description_kind":"plain","optional":true}},"block_types":{"rule_list":{"nesting_mode":"set","block":{"attributes":{"operator":{"type":"string","description":"Operator of the rule, valid values are `include` and `equal`.","description_kind":"plain","required":true},"skey":{"type":"string","description":"Key of the rule, valid values are `cgi`, `ua` and `referer`.","description_kind":"plain","required":true},"value":{"type":"string","description":"Rule value, then length should be less than 31 bytes.","description_kind":"plain","required":true}},"description":"Rule list of the CC self-define https policy.","description_kind":"plain"},"min_items":1}},"description_kind":"plain"}},"tencentcloud_dayu_ddos_policy":{"version":0,"block":{"attributes":{"black_ips":{"type":["set","string"],"description":"Black ip list.","description_kind":"plain","optional":true},"create_time":{"type":"string","description":"Create time of the DDoS policy.","description_kind":"plain","computed":true},"id":{"type":"string","description_kind":"plain","optional":true,"computed":true},"name":{"type":"string","description":"Name of the DDoS policy. Length should between 1 and 32.","description_kind":"plain","required":true},"policy_id":{"type":"string","description":"Id of policy.","description_kind":"plain","computed":true},"resource_type":{"type":"string","description":"Type of the resource that the DDoS policy works for, valid values are `bgpip`, `bgp`, `bgp-multip` and `net`.","description_kind":"plain","required":true},"scene_id":{"type":"string","description":"Id of policy case that the DDoS policy works for.","description_kind":"plain","computed":true},"watermark_key":{"type":["list",["object",{"content":"string","create_time":"string","id":"string","open_switch":"bool"}]],"description":"Watermark content.","description_kind":"plain","computed":true},"white_ips":{"type":["set","string"],"description":"White ip list.","description_kind":"plain","optional":true}},"block_types":{"drop_options":{"nesting_mode":"list","block":{"attributes":{"bad_conn_threshold":{"type":"number","description":"The number of new connections based on destination IP that trigger suppression of connections, and valid value is range from 0 to 4294967295.","description_kind":"plain","required":true},"check_sync_conn":{"type":"bool","description":"Indicate whether to check null connection or not.","description_kind":"plain","required":true},"conn_timeout":{"type":"number","description":"Connection timeout of abnormal connection check, and valid value is range from 0 to 65535.","description_kind":"plain","required":true},"d_conn_limit":{"type":"number","description":"The limit of concurrent connections based on destination IP, and valid value is range from 0 to 4294967295.","description_kind":"plain","required":true},"d_new_limit":{"type":"number","description":"The limit of new connections based on destination IP, and valid value is range from 0 to 4294967295.","description_kind":"plain","required":true},"drop_abroad":{"type":"bool","description":"Indicate whether to drop abroad traffic or not.","description_kind":"plain","required":true},"drop_icmp":{"type":"bool","description":"Indicate whether to drop ICMP protocol or not.","description_kind":"plain","required":true},"drop_other":{"type":"bool","description":"Indicate whether to drop other protocols(exclude TCP/UDP/ICMP) or not.","description_kind":"plain","required":true},"drop_tcp":{"type":"bool","description":"Indicate whether to drop TCP protocol or not.","description_kind":"plain","required":true},"drop_udp":{"type":"bool","description":"Indicate to drop UDP protocol or not.","description_kind":"plain","required":true},"icmp_mbps_limit":{"type":"number","description":"The limit of ICMP traffic rate, and valid value is range from 0 to 4294967295(Mbps).","description_kind":"plain","required":true},"null_conn_enable":{"type":"bool","description":"Indicate to enable null connection or not.","description_kind":"plain","required":true},"other_mbps_limit":{"type":"number","description":"The limit of other protocols(exclude TCP/UDP/ICMP) traffic rate, and valid value is range from 0 to 4294967295(Mbps).","description_kind":"plain","required":true},"s_conn_limit":{"type":"number","description":"The limit of concurrent connections based on source IP, and valid value is range from 0 to 4294967295.","description_kind":"plain","required":true},"s_new_limit":{"type":"number","description":"The limit of new connections based on source IP, and valid value is range from 0 to 4294967295.","description_kind":"plain","required":true},"syn_limit":{"type":"number","description":"The limit of syn of abnormal connection check, and valid value is range from 0 to 100.","description_kind":"plain","required":true},"syn_rate":{"type":"number","description":"The percentage of syn in ack of abnormal connection check, and valid value is range from 0 to 100.","description_kind":"plain","optional":true},"tcp_mbps_limit":{"type":"number","description":"The limit of TCP traffic, and valid value is range from 0 to 4294967295(Mbps).","description_kind":"plain","required":true},"udp_mbps_limit":{"type":"number","description":"The limit of UDP traffic rate, and valid value is range from 0 to 4294967295(Mbps).","description_kind":"plain","required":true}},"description":"Option list of abnormal check of the DDos policy, should set at least one policy.","description_kind":"plain"},"min_items":1},"packet_filters":{"nesting_mode":"list","block":{"attributes":{"action":{"type":"string","description":"Action of port to take, valid values area `drop`(drop the packet), `drop_black`(drop the packet and black the ip),`drop_rst`(drop the packet and disconnect),`drop_black_rst`(drop the packet, black the ip and disconnect),`transmit`(transmit the packet).","description_kind":"plain","optional":true},"d_end_port":{"type":"number","description":"End port of the destination, valid value is range from 0 to 65535. It must be greater than `d_start_port`.","description_kind":"plain","optional":true},"d_start_port":{"type":"number","description":"Start port of the destination, valid value is range from 0 to 65535.","description_kind":"plain","optional":true},"depth":{"type":"number","description":"The depth of match, and valid value is range from 0 to 1500.","description_kind":"plain","optional":true},"is_include":{"type":"bool","description":"Indicate whether to include the key word/regular expression or not.","description_kind":"plain","optional":true},"match_begin":{"type":"string","description":"Indicate whether to check load or not, `begin_l5` means to match and `no_match` means not.","description_kind":"plain","optional":true},"match_str":{"type":"string","description":"The key word or regular expression.","description_kind":"plain","optional":true},"match_type":{"type":"string","description":"Match type, valid values are `sunday` and `pcre`, `sunday` means key word match while `pcre` means regular match.","description_kind":"plain","optional":true},"offset":{"type":"number","description":"The offset of match, and valid value is range from 0 to 1500.","description_kind":"plain","optional":true},"pkt_length_max":{"type":"number","description":"The max length of the packet, and valid value is range from 0 to 1500(Mbps). It must be greater than `pkt_length_min`.","description_kind":"plain","optional":true},"pkt_length_min":{"type":"number","description":"The minimum length of the packet, and valid value is range from 0 to 1500(Mbps).","description_kind":"plain","optional":true},"protocol":{"type":"string","description":"Protocol, valid values are `tcp`, `udp`, `icmp`, `all`.","description_kind":"plain","optional":true},"s_end_port":{"type":"number","description":"End port of the source, valid value is range from 0 to 65535. It must be greater than `s_start_port`.","description_kind":"plain","optional":true},"s_start_port":{"type":"number","description":"Start port of the source, valid value is range from 0 to 65535.","description_kind":"plain","optional":true}},"description":"Message filter options list.","description_kind":"plain"}},"port_filters":{"nesting_mode":"list","block":{"attributes":{"action":{"type":"string","description":"Action of port to take, valid values area `drop`, `transmit`.","description_kind":"plain","optional":true},"end_port":{"type":"number","description":"End port, valid value is range from 0 to 65535. It must be greater than `start_port`.","description_kind":"plain","optional":true},"kind":{"type":"number","description":"The type of forbidden port, and valid values are 0, 1, 2. 0 for destination ports make effect, 1 for source ports make effect. 2 for both destination and source ports.","description_kind":"plain","optional":true},"protocol":{"type":"string","description":"Protocol, valid values are `tcp`, `udp`, `icmp`, `all`.","description_kind":"plain","optional":true},"start_port":{"type":"number","description":"Start port, valid value is range from 0 to 65535.","description_kind":"plain","optional":true}},"description":"Port limits of abnormal check of the DDos policy.","description_kind":"plain"}},"watermark_filters":{"nesting_mode":"list","block":{"attributes":{"auto_remove":{"type":"bool","description":"Indicate whether to auto-remove the watermark or not.","description_kind":"plain","optional":true},"offset":{"type":"number","description":"The offset of watermark, and valid value is range from 0 to 100.","description_kind":"plain","optional":true},"open_switch":{"type":"bool","description":"Indicate whether to open watermark or not. It muse be set `true` when any field of watermark was set.","description_kind":"plain","optional":true},"tcp_port_list":{"type":["list","string"],"description":"Port range of TCP, the format is like `2000-3000`.","description_kind":"plain","optional":true},"udp_port_list":{"type":["list","string"],"description":"Port range of TCP, the format is like `2000-3000`.","description_kind":"plain","optional":true}},"description":"Watermark policy options, and only support one watermark policy at most.","description_kind":"plain"}}},"description_kind":"plain"}},"tencentcloud_dayu_ddos_policy_attachment":{"version":0,"block":{"attributes":{"id":{"type":"string","description_kind":"plain","optional":true,"computed":true},"policy_id":{"type":"string","description":"Id of the policy.","description_kind":"plain","required":true},"resource_id":{"type":"string","description":"Id of the attached resource.","description_kind":"plain","required":true},"resource_type":{"type":"string","description":"Type of the resource that the DDoS policy works for, valid values are `bgpip`, `bgp`, `bgp-multip`, `net`.","description_kind":"plain","required":true}},"description_kind":"plain"}},"tencentcloud_dayu_ddos_policy_case":{"version":0,"block":{"attributes":{"app_protocols":{"type":["set","string"],"description":"App protocol set of the DDoS policy case.","description_kind":"plain","required":true},"app_type":{"type":"string","description":"App type of the DDoS policy case, and valid values are `WEB`, `GAME`, `APP` and `OTHER`.","description_kind":"plain","required":true},"create_time":{"type":"string","description":"Create time of the DDoS policy case.","description_kind":"plain","computed":true},"has_abroad":{"type":"string","description":"Indicate whether the service involves overseas or not, valid values are `no` and `yes`.","description_kind":"plain","required":true},"has_initiate_tcp":{"type":"string","description":"Indicate whether the service actively initiates TCP requests or not, valid values are `no` and `yes`.","description_kind":"plain","required":true},"has_initiate_udp":{"type":"string","description":"Indicate whether the actively initiate UDP requests or not, valid values are `no` and `yes`.","description_kind":"plain","optional":true},"has_vpn":{"type":"string","description":"Indicate whether the service involves VPN service or not, valid values are `no` and `yes`.","description_kind":"plain","optional":true},"id":{"type":"string","description_kind":"plain","optional":true,"computed":true},"max_tcp_package_len":{"type":"string","description":"The max length of TCP message package, valid value length should be greater than 0 and less than 1500. It should be greater than `min_tcp_package_len`.","description_kind":"plain","optional":true},"max_udp_package_len":{"type":"string","description":"The max length of UDP message package, valid value length should be greater than 0 and less than 1500. It should be greater than `min_udp_package_len`.","description_kind":"plain","optional":true},"min_tcp_package_len":{"type":"string","description":"The minimum length of TCP message package, valid value length should be greater than 0 and less than 1500.","description_kind":"plain","optional":true},"min_udp_package_len":{"type":"string","description":"The minimum length of UDP message package, valid value length should be greater than 0 and less than 1500.","description_kind":"plain","optional":true},"name":{"type":"string","description":"Name of the DDoS policy case. Length should between 1 and 64.","description_kind":"plain","required":true},"peer_tcp_port":{"type":"string","description":"The port that actively initiates TCP requests, valid value is range from 1 to 65535.","description_kind":"plain","optional":true},"peer_udp_port":{"type":"string","description":"The port that actively initiates UDP requests, valid value is range from 1 to 65535.","description_kind":"plain","optional":true},"platform_types":{"type":["set","string"],"description":"Platform set of the DDoS policy case.","description_kind":"plain","required":true},"resource_type":{"type":"string","description":"Type of the resource that the DDoS policy case works for, valid values are `bgpip`, `bgp` and `bgp-multip`.","description_kind":"plain","required":true},"scene_id":{"type":"string","description":"Id of the DDoS policy case.","description_kind":"plain","computed":true},"tcp_end_port":{"type":"string","description":"End port of the TCP service, valid value is range from 0 to 65535. It must be greater than `tcp_start_port`.","description_kind":"plain","required":true},"tcp_footprint":{"type":"string","description":"The fixed signature of TCP protocol load, valid value length is range from 1 to 512.","description_kind":"plain","optional":true},"tcp_start_port":{"type":"string","description":"Start port of the TCP service, valid value is range from 0 to 65535.","description_kind":"plain","required":true},"udp_end_port":{"type":"string","description":"End port of the UDP service, valid value is range from 0 to 65535. It must be greater than `udp_start_port`.","description_kind":"plain","required":true},"udp_footprint":{"type":"string","description":"The fixed signature of TCP protocol load, valid value length is range from 1 to 512.","description_kind":"plain","optional":true},"udp_start_port":{"type":"string","description":"Start port of the UDP service, valid value is range from 0 to 65535.","description_kind":"plain","required":true},"web_api_urls":{"type":["set","string"],"description":"Web API url set.","description_kind":"plain","required":true}},"description_kind":"plain"}},"tencentcloud_dayu_l4_rule":{"version":0,"block":{"attributes":{"d_port":{"type":"number","description":"The destination port of the L4 rule.","description_kind":"plain","required":true},"health_check_health_num":{"type":"number","description":"Health threshold of health check, and the default is 3. If a success result is returned for the health check 3 consecutive times, indicates that the forwarding is normal. The value range is 2-10.","description_kind":"plain","optional":true,"computed":true},"health_check_interval":{"type":"number","description":"Interval time of health check. The value range is 10-60 sec, and the default is 15 sec.","description_kind":"plain","optional":true,"computed":true},"health_check_switch":{"type":"bool","description":"Indicates whether health check is enabled. The default is `false`. Only valid when source list has more than one source item.","description_kind":"plain","optional":true,"computed":true},"health_check_timeout":{"type":"number","description":"HTTP Status Code. The default is 26 and value range is 2-60.","description_kind":"plain","optional":true,"computed":true},"health_check_unhealth_num":{"type":"number","description":"Unhealthy threshold of health check, and the default is 3. If the unhealthy result is returned 3 consecutive times, indicates that the forwarding is abnormal. The value range is 2-10.","description_kind":"plain","optional":true,"computed":true},"id":{"type":"string","description_kind":"plain","optional":true,"computed":true},"lb_type":{"type":"number","description":"LB type of the rule, 1 for weight cycling and 2 for IP hash.","description_kind":"plain","computed":true},"name":{"type":"string","description":"Name of the rule. When the `resource_type` is `net`, this field should be set with valid domain.","description_kind":"plain","required":true},"protocol":{"type":"string","description":"Protocol of the rule, valid values are `http`, `https`. When `source_type` is 1(host source), the value of this field can only set with `tcp`.","description_kind":"plain","required":true},"resource_id":{"type":"string","description":"ID of the resource that the layer 4 rule works for.","description_kind":"plain","required":true},"resource_type":{"type":"string","description":"Type of the resource that the layer 4 rule works for, valid values are `bgpip` and `net`.","description_kind":"plain","required":true},"rule_id":{"type":"string","description":"Id of the layer 4 rule.","description_kind":"plain","computed":true},"s_port":{"type":"number","description":"The source port of the L4 rule.","description_kind":"plain","required":true},"session_switch":{"type":"bool","description":"Indicate that the session will keep or not, and default value is `false`.","description_kind":"plain","optional":true},"session_time":{"type":"number","description":"Session keep time, only valid when `session_switch` is true, the available value ranges from 1 to 300 and unit is second.","description_kind":"plain","optional":true,"computed":true},"source_type":{"type":"number","description":"Source type, 1 for source of host, 2 for source of ip.","description_kind":"plain","required":true}},"block_types":{"source_list":{"nesting_mode":"set","block":{"attributes":{"source":{"type":"string","description":"Source ip or domain, valid format of ip is like `1.1.1.1` and valid format of host source is like `abc.com`.","description_kind":"plain","required":true},"weight":{"type":"number","description":"Weight of the source, the valid value ranges from 0 to 100.","description_kind":"plain","required":true}},"description":"Source list of the rule, it can be a set of ip sources or a set of domain sources. The number of items ranges from 1 to 20.","description_kind":"plain"},"min_items":1,"max_items":20}},"description_kind":"plain"}},"tencentcloud_dayu_l7_rule":{"version":0,"block":{"attributes":{"domain":{"type":"string","description":"Domain that the layer 7 rule works for. Valid string length ranges from 0 to 80.","description_kind":"plain","required":true},"health_check_code":{"type":"number","description":"HTTP Status Code. The default is 26 and value range is 1-31. 1 means the return value '1xx' is health. 2 means the return value '2xx' is health. 4 means the return value '3xx' is health. 8 means the return value '4xx' is health. 16 means the return value '5xx' is health. If you want multiple return codes to indicate health, need to add the corresponding values.","description_kind":"plain","optional":true,"computed":true},"health_check_health_num":{"type":"number","description":"Health threshold of health check, and the default is 3. If a success result is returned for the health check 3 consecutive times, indicates that the forwarding is normal. The value range is 2-10.","description_kind":"plain","optional":true,"computed":true},"health_check_interval":{"type":"number","description":"Interval time of health check. The value range is 10-60 sec, and the default is 15 sec.","description_kind":"plain","optional":true,"computed":true},"health_check_method":{"type":"string","description":"Methods of health check. The default is 'HEAD', the available value are 'HEAD' and 'GET'.","description_kind":"plain","optional":true,"computed":true},"health_check_path":{"type":"string","description":"Path of health check. The default is `/`.","description_kind":"plain","optional":true,"computed":true},"health_check_switch":{"type":"bool","description":"Indicates whether health check is enabled. The default is `false`.","description_kind":"plain","optional":true,"computed":true},"health_check_unhealth_num":{"type":"number","description":"Unhealthy threshold of health check, and the default is 3. If the unhealth result is returned 3 consecutive times, indicates that the forwarding is abnormal. The value range is 2-10.","description_kind":"plain","optional":true,"computed":true},"id":{"type":"string","description_kind":"plain","optional":true,"computed":true},"name":{"type":"string","description":"Name of the rule.","description_kind":"plain","required":true},"protocol":{"type":"string","description":"Protocol of the rule, valid values are `http`, `https`.","description_kind":"plain","required":true},"resource_id":{"type":"string","description":"ID of the resource that the layer 7 rule works for.","description_kind":"plain","required":true},"resource_type":{"type":"string","description":"Type of the resource that the layer 7 rule works for, valid value is `bgpip`.","description_kind":"plain","required":true},"rule_id":{"type":"string","description":"Id of the layer 7 rule.","description_kind":"plain","computed":true},"source_list":{"type":["set","string"],"description":"Source list of the rule, it can be a set of ip sources or a set of domain sources. The number of items ranges from 1 to 16.","description_kind":"plain","required":true},"source_type":{"type":"number","description":"Source type, 1 for source of host, 2 for source of ip.","description_kind":"plain","required":true},"ssl_id":{"type":"string","description":"SSL id, when the `protocol` is `https`, the field should be set with valid SSL id.","description_kind":"plain","optional":true},"status":{"type":"number","description":"Status of the rule. 0 for create/modify success, 2 for create/modify fail, 3 for delete success, 5 for delete failed, 6 for waiting to be created/modified, 7 for waiting to be deleted and 8 for waiting to get SSL id.","description_kind":"plain","computed":true},"switch":{"type":"bool","description":"Indicate the rule will take effect or not.","description_kind":"plain","required":true}},"description_kind":"plain"}},"tencentcloud_dc_gateway":{"version":0,"block":{"attributes":{"cnn_route_type":{"type":"string","description":"Type of CCN route, the available value include 'BGP' and 'STATIC'. The property is available when the DCG type is CCN gateway and BGP enabled.","description_kind":"plain","computed":true},"create_time":{"type":"string","description":"Creation time of resource.","description_kind":"plain","computed":true},"enable_bgp":{"type":"bool","description":"Indicates whether the BGP is enabled.","description_kind":"plain","computed":true},"gateway_type":{"type":"string","description":"Type of the gateway, the available value include 'NORMAL' and 'NAT'. Default is 'NORMAL'. NOTES: CCN only supports 'NORMAL' and a vpc can create two DCGs, the one is NAT type and the other is non-NAT type.","description_kind":"plain","optional":true},"id":{"type":"string","description_kind":"plain","optional":true,"computed":true},"name":{"type":"string","description":"Name of the DCG.","description_kind":"plain","required":true},"network_instance_id":{"type":"string","description":"If the 'network_type' value is 'VPC', the available value is VPC ID. But when the 'network_type' value is 'CCN', the available value is CCN instance ID.","description_kind":"plain","required":true},"network_type":{"type":"string","description":"Type of associated network, the available value include 'VPC' and 'CCN'.","description_kind":"plain","required":true}},"description_kind":"plain"}},"tencentcloud_dc_gateway_ccn_route":{"version":0,"block":{"attributes":{"as_path":{"type":["list","string"],"description":"As_Path list of the BGP.","description_kind":"plain","computed":true},"cidr_block":{"type":"string","description":"A network address segment of IDC.","description_kind":"plain","required":true},"dcg_id":{"type":"string","description":"ID of the DCG.","description_kind":"plain","required":true},"id":{"type":"string","description_kind":"plain","optional":true,"computed":true}},"description_kind":"plain"}},"tencentcloud_dcx":{"version":0,"block":{"attributes":{"bandwidth":{"type":"number","description":"Bandwidth of the DC.","description_kind":"plain","optional":true,"computed":true},"bgp_asn":{"type":"number","description":"BGP ASN of the user. A required field within BGP.","description_kind":"plain","optional":true,"computed":true},"bgp_auth_key":{"type":"string","description":"BGP key of the user.","description_kind":"plain","optional":true},"create_time":{"type":"string","description":"Creation time of resource.","description_kind":"plain","computed":true},"customer_address":{"type":"string","description":"Interconnect IP of the DC within client.","description_kind":"plain","optional":true,"computed":true},"dc_id":{"type":"string","description":"ID of the DC to be queried, application deployment offline.","description_kind":"plain","required":true},"dcg_id":{"type":"string","description":"ID of the DC Gateway. Currently only new in the console.","description_kind":"plain","required":true},"id":{"type":"string","description_kind":"plain","optional":true,"computed":true},"name":{"type":"string","description":"Name of the dedicated tunnel.","description_kind":"plain","required":true},"network_type":{"type":"string","description":"Type of the network, and available values include VPC, BMVPC and CCN. The default value is VPC.","description_kind":"plain","optional":true},"route_filter_prefixes":{"type":["set","string"],"description":"Static route, the network address of the user IDC. It can be modified after setting but cannot be deleted. AN unable field within BGP.","description_kind":"plain","optional":true},"route_type":{"type":"string","description":"Type of the route, and available values include BGP and STATIC. The default value is BGP.","description_kind":"plain","optional":true},"state":{"type":"string","description":"State of the dedicated tunnels, and available values include PENDING, ALLOCATING, ALLOCATED, ALTERING, DELETING, DELETED, COMFIRMING and REJECTED.","description_kind":"plain","computed":true},"tencent_address":{"type":"string","description":"Interconnect IP of the DC within Tencent.","description_kind":"plain","optional":true,"computed":true},"vlan":{"type":"number","description":"Vlan of the dedicated tunnels, and the range of values is [0-3000]. '0' means that only one tunnel can be created for the physical connect.","description_kind":"plain","optional":true},"vpc_id":{"type":"string","description":"ID of the VPC or BMVPC.","description_kind":"plain","required":true}},"description_kind":"plain"}},"tencentcloud_dnat":{"version":0,"block":{"attributes":{"description":{"type":"string","description":"Description of the NAT forward.","description_kind":"plain","optional":true},"elastic_ip":{"type":"string","description":"Network address of the EIP.","description_kind":"plain","required":true},"elastic_port":{"type":"string","description":"Port of the EIP.","description_kind":"plain","required":true},"id":{"type":"string","description_kind":"plain","optional":true,"computed":true},"nat_id":{"type":"string","description":"Id of the NAT gateway.","description_kind":"plain","required":true},"private_ip":{"type":"string","description":"Network address of the backend service.","description_kind":"plain","required":true},"private_port":{"type":"string","description":"Port of intranet.","description_kind":"plain","required":true},"protocol":{"type":"string","description":"Type of the network protocol, the available values are: `TCP` and `UDP`.","description_kind":"plain","required":true},"vpc_id":{"type":"string","description":"Id of the VPC.","description_kind":"plain","required":true}},"description_kind":"plain"}},"tencentcloud_eip":{"version":0,"block":{"attributes":{"anycast_zone":{"type":"string","description":"The zone of anycast, and available values include `ANYCAST_ZONE_GLOBAL` and `ANYCAST_ZONE_OVERSEAS`.","description_kind":"plain","optional":true},"applicable_for_clb":{"type":"bool","description":"Indicates whether the anycast eip can be associated to a CLB.","description_kind":"plain","deprecated":true,"optional":true},"id":{"type":"string","description_kind":"plain","optional":true,"computed":true},"internet_charge_type":{"type":"string","description":"The charge type of eip, and available values include `BANDWIDTH_PACKAGE`, `BANDWIDTH_POSTPAID_BY_HOUR` and `TRAFFIC_POSTPAID_BY_HOUR`.","description_kind":"plain","optional":true},"internet_max_bandwidth_out":{"type":"number","description":"The bandwidth limit of eip, unit is Mbps.","description_kind":"plain","optional":true},"internet_service_provider":{"type":"string","description":"Internet service provider of eip, and available values include `BGP`, `CMCC`, `CTCC` and `CUCC`.","description_kind":"plain","optional":true},"name":{"type":"string","description":"The name of eip.","description_kind":"plain","optional":true,"computed":true},"public_ip":{"type":"string","description":"The elastic ip address.","description_kind":"plain","computed":true},"status":{"type":"string","description":"The eip current status.","description_kind":"plain","computed":true},"tags":{"type":["map","string"],"description":"The tags of eip.","description_kind":"plain","optional":true},"type":{"type":"string","description":"The type of eip, and available values include `EIP` and `AnycastEIP`. Default is `EIP`.","description_kind":"plain","optional":true}},"description_kind":"plain"}},"tencentcloud_eip_association":{"version":0,"block":{"attributes":{"eip_id":{"type":"string","description":"The id of eip.","description_kind":"plain","required":true},"id":{"type":"string","description_kind":"plain","optional":true,"computed":true},"instance_id":{"type":"string","description":"The CVM or CLB instance id going to bind with the eip. This field is conflict with `network_interface_id` and `private_ip fields`.","description_kind":"plain","optional":true,"computed":true},"network_interface_id":{"type":"string","description":"Indicates the network interface id like `eni-xxxxxx`. This field is conflict with `instance_id`.","description_kind":"plain","optional":true,"computed":true},"private_ip":{"type":"string","description":"Indicates an IP belongs to the `network_interface_id`. This field is conflict with `instance_id`.","description_kind":"plain","optional":true,"computed":true}},"description_kind":"plain"}},"tencentcloud_elasticsearch_instance":{"version":0,"block":{"attributes":{"availability_zone":{"type":"string","description":"Availability zone.","description_kind":"plain","required":true},"basic_security_type":{"type":"number","description":"Whether to enable X-Pack security authentication in Basic Edition 6.8 and above. Valid values are `1` and `2`, `1` is disabled, `2` is enabled, and default value is `1`.","description_kind":"plain","optional":true},"charge_period":{"type":"number","description":"The tenancy of the prepaid instance, and uint is month. NOTE: it only works when charge_type is set to `PREPAID`.","description_kind":"plain","optional":true},"charge_type":{"type":"string","description":"The charge type of instance. Valid values are `PREPAID` and `POSTPAID_BY_HOUR`.","description_kind":"plain","optional":true},"create_time":{"type":"string","description":"Instance creation time.","description_kind":"plain","computed":true},"deploy_mode":{"type":"number","description":"Cluster deployment mode. Valid values are `0` and `1`, `0` is single-AZ deployment, and `1` is multi-AZ deployment. Default value is `0`.","description_kind":"plain","optional":true},"elasticsearch_domain":{"type":"string","description":"Elasticsearch domain name.","description_kind":"plain","computed":true},"elasticsearch_port":{"type":"number","description":"Elasticsearch port.","description_kind":"plain","computed":true},"elasticsearch_vip":{"type":"string","description":"Elasticsearch VIP.","description_kind":"plain","computed":true},"id":{"type":"string","description_kind":"plain","optional":true,"computed":true},"instance_name":{"type":"string","description":"Name of the instance, which can contain 1 to 50 English letters, Chinese characters, digits, dashes(-), or underscores(_).","description_kind":"plain","optional":true},"kibana_url":{"type":"string","description":"Kibana access URL.","description_kind":"plain","computed":true},"license_type":{"type":"string","description":"License type. Valid values are `oss`, `basic` and `platinum`, and default value is `platinum`.","description_kind":"plain","optional":true},"password":{"type":"string","description":"Password to an instance.","description_kind":"plain","required":true,"sensitive":true},"renew_flag":{"type":"string","description":"When enabled, the instance will be renew automatically when it reach the end of the prepaid tenancy. Valid values are `RENEW_FLAG_AUTO` and `RENEW_FLAG_MANUAL`. NOTE: it only works when charge_type is set to `PREPAID`.","description_kind":"plain","optional":true},"subnet_id":{"type":"string","description":"The id of a VPC subnetwork.","description_kind":"plain","required":true,"sensitive":true},"tags":{"type":["map","string"],"description":"A mapping of tags to assign to the instance. For tag limits, please refer to [Use Limits](https://intl.cloud.tencent.com/document/product/651/13354).","description_kind":"plain","optional":true},"version":{"type":"string","description":"Version of the instance. Valid values are `5.6.4`, `6.4.3`, `6.8.2` and `7.5.1`.","description_kind":"plain","required":true},"vpc_id":{"type":"string","description":"The id of a VPC network.","description_kind":"plain","required":true}},"block_types":{"multi_zone_infos":{"nesting_mode":"list","block":{"attributes":{"availability_zone":{"type":"string","description":"Availability zone.","description_kind":"plain","required":true},"subnet_id":{"type":"string","description":"The id of a VPC subnetwork.","description_kind":"plain","required":true}},"description":"Details of AZs in multi-AZ deployment mode (which is required when deploy_mode is `1`).","description_kind":"plain"}},"node_info_list":{"nesting_mode":"list","block":{"attributes":{"disk_size":{"type":"number","description":"Node disk size. Unit is GB, and default value is `100`.","description_kind":"plain","optional":true},"disk_type":{"type":"string","description":"Node disk type. Valid values are `CLOUD_SSD` and `CLOUD_PREMIUM`, and default value is `CLOUD_SSD`.","description_kind":"plain","optional":true},"node_num":{"type":"number","description":"Number of nodes.","description_kind":"plain","required":true},"node_type":{"type":"string","description":"Node specification, and valid values refer to [document of tencentcloud](https://intl.cloud.tencent.com/document/product/845/18376).","description_kind":"plain","required":true},"type":{"type":"string","description":"Node type. Valid values are `hotData`, `warmData` and `dedicatedMaster`, and default value is 'hotData`.","description_kind":"plain","optional":true}},"description":"Node information list, which is used to describe the specification information of various types of nodes in the cluster, such as node type, node quantity, node specification, disk type, and disk size.","description_kind":"plain"},"min_items":1}},"description_kind":"plain"}},"tencentcloud_eni":{"version":0,"block":{"attributes":{"create_time":{"type":"string","description":"Creation time of the ENI.","description_kind":"plain","computed":true},"description":{"type":"string","description":"Description of the ENI, maximum length 60.","description_kind":"plain","optional":true},"id":{"type":"string","description_kind":"plain","optional":true,"computed":true},"ipv4_count":{"type":"number","description":"The number of intranet IPv4s. When it is greater than 1, there is only one primary intranet IP. The others are auxiliary intranet IPs, which conflict with `ipv4s`.","description_kind":"plain","optional":true},"ipv4_info":{"type":["list",["object",{"description":"string","ip":"string","primary":"bool"}]],"description":"An information list of IPv4s. Each element contains the following attributes:","description_kind":"plain","computed":true},"mac":{"type":"string","description":"MAC address.","description_kind":"plain","computed":true},"name":{"type":"string","description":"Name of the ENI, maximum length 60.","description_kind":"plain","required":true},"primary":{"type":"bool","description":"Indicates whether the IP is primary.","description_kind":"plain","computed":true},"security_groups":{"type":["set","string"],"description":"A set of security group IDs.","description_kind":"plain","optional":true},"state":{"type":"string","description":"State of the ENI.","description_kind":"plain","computed":true},"subnet_id":{"type":"string","description":"ID of the subnet within this vpc.","description_kind":"plain","required":true},"tags":{"type":["map","string"],"description":"Tags of the ENI.","description_kind":"plain","optional":true},"vpc_id":{"type":"string","description":"ID of the vpc.","description_kind":"plain","required":true}},"block_types":{"ipv4s":{"nesting_mode":"set","block":{"attributes":{"description":{"type":"string","description":"Description of the IP, maximum length 25.","description_kind":"plain","optional":true},"ip":{"type":"string","description":"Intranet IP.","description_kind":"plain","required":true},"primary":{"type":"bool","description":"Indicates whether the IP is primary.","description_kind":"plain","required":true}},"description":"Applying for intranet IPv4s collection, conflict with `ipv4_count`. When there are multiple ipv4s, can only be one primary IP, and the maximum length of the array is 30. Each element contains the following attributes:","description_kind":"plain"},"max_items":30}},"description_kind":"plain"}},"tencentcloud_eni_attachment":{"version":0,"block":{"attributes":{"eni_id":{"type":"string","description":"ID of the ENI.","description_kind":"plain","required":true},"id":{"type":"string","description_kind":"plain","optional":true,"computed":true},"instance_id":{"type":"string","description":"ID of the instance which bind the ENI.","description_kind":"plain","required":true}},"description_kind":"plain"}},"tencentcloud_gaap_certificate":{"version":0,"block":{"attributes":{"begin_time":{"type":"string","description":"Beginning time of the certificate.","description_kind":"plain","computed":true},"content":{"type":"string","description":"Content of the certificate, and URL encoding. When the certificate is basic authentication, use the `user:xxx password:xxx` format, where the password is encrypted with `htpasswd` or `openssl`; When the certificate is `CA` or `SSL`, the format is `pem`.","description_kind":"plain","required":true},"create_time":{"type":"string","description":"Creation time of the certificate.","description_kind":"plain","computed":true},"end_time":{"type":"string","description":"Ending time of the certificate.","description_kind":"plain","computed":true},"id":{"type":"string","description_kind":"plain","optional":true,"computed":true},"issuer_cn":{"type":"string","description":"Issuer name of the certificate.","description_kind":"plain","computed":true},"key":{"type":"string","description":"Key of the `SSL` certificate.","description_kind":"plain","optional":true,"sensitive":true},"name":{"type":"string","description":"Name of the certificate.","description_kind":"plain","optional":true},"subject_cn":{"type":"string","description":"Subject name of the certificate.","description_kind":"plain","computed":true},"type":{"type":"string","description":"Type of the certificate, the available values include `BASIC`, `CLIENT`, `SERVER`, `REALSERVER` and `PROXY`; `BASIC` means basic certificate; `CLIENT` means client CA certificate; `SERVER` means server SSL certificate; `REALSERVER` means realserver CA certificate; `PROXY` means proxy SSL certificate.","description_kind":"plain","required":true}},"description_kind":"plain"}},"tencentcloud_gaap_domain_error_page":{"version":0,"block":{"attributes":{"body":{"type":"string","description":"New response body.","description_kind":"plain","required":true},"clear_headers":{"type":["set","string"],"description":"Response headers to be removed.","description_kind":"plain","optional":true},"domain":{"type":"string","description":"HTTP domain.","description_kind":"plain","required":true},"error_codes":{"type":["set","number"],"description":"Original error codes.","description_kind":"plain","required":true},"id":{"type":"string","description_kind":"plain","optional":true,"computed":true},"listener_id":{"type":"string","description":"ID of the layer7 listener.","description_kind":"plain","required":true},"new_error_code":{"type":"number","description":"New error code.","description_kind":"plain","optional":true},"set_headers":{"type":["map","string"],"description":"Response headers to be set.","description_kind":"plain","optional":true}},"description_kind":"plain"}},"tencentcloud_gaap_http_domain":{"version":0,"block":{"attributes":{"basic_auth":{"type":"bool","description":"Indicates whether basic authentication is enable, default value is `false`.","description_kind":"plain","optional":true},"basic_auth_id":{"type":"string","description":"ID of the basic authentication.","description_kind":"plain","optional":true,"computed":true},"certificate_id":{"type":"string","description":"ID of the server certificate, default value is `default`.","description_kind":"plain","optional":true},"client_certificate_id":{"type":"string","description":"ID of the client certificate, default value is `default`.","description_kind":"plain","deprecated":true,"optional":true,"computed":true},"client_certificate_ids":{"type":["set","string"],"description":"ID list of the poly client certificate.","description_kind":"plain","optional":true,"computed":true},"domain":{"type":"string","description":"Forward domain of the layer7 listener.","description_kind":"plain","required":true},"gaap_auth":{"type":"bool","description":"Indicates whether SSL certificate authentication is enable, default value is `false`.","description_kind":"plain","optional":true},"gaap_auth_id":{"type":"string","description":"ID of the SSL certificate.","description_kind":"plain","optional":true,"computed":true},"id":{"type":"string","description_kind":"plain","optional":true,"computed":true},"listener_id":{"type":"string","description":"ID of the layer7 listener.","description_kind":"plain","required":true},"realserver_auth":{"type":"bool","description":"Indicates whether realserver authentication is enable, default value is `false`.","description_kind":"plain","optional":true},"realserver_certificate_domain":{"type":"string","description":"CA certificate domain of the realserver.","description_kind":"plain","optional":true,"computed":true},"realserver_certificate_id":{"type":"string","description":"CA certificate ID of the realserver.","description_kind":"plain","deprecated":true,"optional":true,"computed":true},"realserver_certificate_ids":{"type":["set","string"],"description":"CA certificate ID list of the realserver.","description_kind":"plain","optional":true,"computed":true}},"description_kind":"plain"}},"tencentcloud_gaap_http_rule":{"version":0,"block":{"attributes":{"connect_timeout":{"type":"number","description":"Timeout of the health check response, default value is 2s.","description_kind":"plain","optional":true},"domain":{"type":"string","description":"Forward domain of the forward rule.","description_kind":"plain","required":true},"forward_host":{"type":"string","description":"The default value of requested host which is forwarded to the realserver by the listener is `default`.","description_kind":"plain","optional":true},"health_check":{"type":"bool","description":"Indicates whether health check is enable.","description_kind":"plain","required":true},"health_check_method":{"type":"string","description":"Method of the health check, the available values includes `GET` and `HEAD`.","description_kind":"plain","optional":true},"health_check_path":{"type":"string","description":"Path of health check. Maximum length is 80.","description_kind":"plain","optional":true},"health_check_status_codes":{"type":["set","number"],"description":"Return code of confirmed normal, the available values include `100`, `200`, `300`, `400` and `500`.","description_kind":"plain","optional":true,"computed":true},"id":{"type":"string","description_kind":"plain","optional":true,"computed":true},"interval":{"type":"number","description":"Interval of the health check, default value is 5s.","description_kind":"plain","optional":true},"listener_id":{"type":"string","description":"ID of the layer7 listener.","description_kind":"plain","required":true},"path":{"type":"string","description":"Path of the forward rule. Maximum length is 80.","description_kind":"plain","required":true},"realserver_type":{"type":"string","description":"Type of the realserver, the available values include `IP` and `DOMAIN`.","description_kind":"plain","required":true},"scheduler":{"type":"string","description":"Scheduling policy of the forward rule, default value is `rr`, the available values include `rr`, `wrr` and `lc`.","description_kind":"plain","optional":true}},"block_types":{"realservers":{"nesting_mode":"set","block":{"attributes":{"id":{"type":"string","description":"ID of the GAAP realserver.","description_kind":"plain","required":true},"ip":{"type":"string","description":"IP of the GAAP realserver.","description_kind":"plain","required":true},"port":{"type":"number","description":"Port of the GAAP realserver.","description_kind":"plain","required":true},"weight":{"type":"number","description":"Scheduling weight, default value is `1`. The range of values is [1,100].","description_kind":"plain","optional":true}},"description":"An information list of GAAP realserver.","description_kind":"plain"}}},"description_kind":"plain"}},"tencentcloud_gaap_layer4_listener":{"version":0,"block":{"attributes":{"connect_timeout":{"type":"number","description":"Timeout of the health check response, should less than interval, default value is 2s. NOTES: Only supports listeners of `TCP` protocol and require less than `interval`.","description_kind":"plain","optional":true},"create_time":{"type":"string","description":"Creation time of the layer4 listener.","description_kind":"plain","computed":true},"health_check":{"type":"bool","description":"Indicates whether health check is enable, default value is `false`. NOTES: Only supports listeners of `TCP` protocol.","description_kind":"plain","optional":true},"id":{"type":"string","description_kind":"plain","optional":true,"computed":true},"interval":{"type":"number","description":"Interval of the health check, default value is 5s. NOTES: Only supports listeners of `TCP` protocol.","description_kind":"plain","optional":true},"name":{"type":"string","description":"Name of the layer4 listener, the maximum length is 30.","description_kind":"plain","required":true},"port":{"type":"number","description":"Port of the layer4 listener.","description_kind":"plain","required":true},"protocol":{"type":"string","description":"Protocol of the layer4 listener, the available values include `TCP` and `UDP`.","description_kind":"plain","required":true},"proxy_id":{"type":"string","description":"ID of the GAAP proxy.","description_kind":"plain","required":true},"realserver_type":{"type":"string","description":"Type of the realserver, the available values include `IP` and `DOMAIN`. NOTES: when the `protocol` is specified as `TCP` and the `scheduler` is specified as `wrr`, the item can only be set to `IP`.","description_kind":"plain","required":true},"scheduler":{"type":"string","description":"Scheduling policy of the layer4 listener, default value is `rr`, the available values include `rr`, `wrr` and `lc`.","description_kind":"plain","optional":true},"status":{"type":"number","description":"Status of the layer4 listener.","description_kind":"plain","computed":true}},"block_types":{"realserver_bind_set":{"nesting_mode":"set","block":{"attributes":{"id":{"type":"string","description":"ID of the GAAP realserver.","description_kind":"plain","required":true},"ip":{"type":"string","description":"IP of the GAAP realserver.","description_kind":"plain","required":true},"port":{"type":"number","description":"Port of the GAAP realserver.","description_kind":"plain","required":true},"weight":{"type":"number","description":"Scheduling weight, default value is `1`. The range of values is [1,100].","description_kind":"plain","optional":true}},"description":"An information list of GAAP realserver.","description_kind":"plain"}}},"description_kind":"plain"}},"tencentcloud_gaap_layer7_listener":{"version":0,"block":{"attributes":{"auth_type":{"type":"number","description":"Authentication type of the layer7 listener. `0` is one-way authentication and `1` is mutual authentication. NOTES: Only supports listeners of `HTTPS` protocol.","description_kind":"plain","optional":true},"certificate_id":{"type":"string","description":"Certificate ID of the layer7 listener. NOTES: Only supports listeners of `HTTPS` protocol.","description_kind":"plain","optional":true},"client_certificate_id":{"type":"string","description":"ID of the client certificate. Set only when `auth_type` is specified as mutual authentication. NOTES: Only supports listeners of `HTTPS` protocol.","description_kind":"plain","deprecated":true,"optional":true,"computed":true},"client_certificate_ids":{"type":["set","string"],"description":"ID list of the client certificate. Set only when `auth_type` is specified as mutual authentication. NOTES: Only supports listeners of `HTTPS` protocol.","description_kind":"plain","optional":true,"computed":true},"create_time":{"type":"string","description":"Creation time of the layer7 listener.","description_kind":"plain","computed":true},"forward_protocol":{"type":"string","description":"Protocol type of the forwarding, the available values include `HTTP` and `HTTPS`. NOTES: Only supports listeners of `HTTPS` protocol.","description_kind":"plain","optional":true},"id":{"type":"string","description_kind":"plain","optional":true,"computed":true},"name":{"type":"string","description":"Name of the layer7 listener, the maximum length is 30.","description_kind":"plain","required":true},"port":{"type":"number","description":"Port of the layer7 listener.","description_kind":"plain","required":true},"protocol":{"type":"string","description":"Protocol of the layer7 listener, the available values include `HTTP` and `HTTPS`.","description_kind":"plain","required":true},"proxy_id":{"type":"string","description":"ID of the GAAP proxy.","description_kind":"plain","required":true},"status":{"type":"number","description":"Status of the layer7 listener.","description_kind":"plain","computed":true}},"description_kind":"plain"}},"tencentcloud_gaap_proxy":{"version":0,"block":{"attributes":{"access_region":{"type":"string","description":"Access region of the GAAP proxy, the available values include `NorthChina`, `EastChina`, `SouthChina`, `SouthwestChina`, `Hongkong`, `SL_TAIWAN`, `SoutheastAsia`, `Korea`, `SL_India`, `SL_Australia`, `Europe`, `SL_UK`, `SL_SouthAmerica`, `NorthAmerica`, `SL_MiddleUSA`, `Canada`, `SL_VIET`, `WestIndia`, `Thailand`, `Virginia`, `Russia`, `Japan` and `SL_Indonesia`.","description_kind":"plain","required":true},"bandwidth":{"type":"number","description":"Maximum bandwidth of the GAAP proxy, unit is Mbps, the available values include `10`, `20`, `50`, `100`, `200`, `500` and `1000`.","description_kind":"plain","required":true},"concurrent":{"type":"number","description":"Maximum concurrency of the GAAP proxy, unit is 10k, the available values include `2`, `5`, `10`, `20`, `30`, `40`, `50`, `60`, `70`, `80`, `90` and `100`.","description_kind":"plain","required":true},"create_time":{"type":"string","description":"Creation time of the GAAP proxy.","description_kind":"plain","computed":true},"domain":{"type":"string","description":"Access domain of the GAAP proxy.","description_kind":"plain","computed":true},"enable":{"type":"bool","description":"Indicates whether GAAP proxy is enabled, default value is `true`.","description_kind":"plain","optional":true},"forward_ip":{"type":"string","description":"Forwarding IP of the GAAP proxy.","description_kind":"plain","computed":true},"id":{"type":"string","description_kind":"plain","optional":true,"computed":true},"ip":{"type":"string","description":"Access IP of the GAAP proxy.","description_kind":"plain","computed":true},"name":{"type":"string","description":"Name of the GAAP proxy, the maximum length is 30.","description_kind":"plain","required":true},"project_id":{"type":"number","description":"ID of the project within the GAAP proxy, '0' means is default project.","description_kind":"plain","optional":true},"realserver_region":{"type":"string","description":"Region of the GAAP realserver, the available values include `NorthChina`, `EastChina`, `SouthChina`, `SouthwestChina`, `Hongkong`, `SL_TAIWAN`, `SoutheastAsia`, `Korea`, `SL_India`, `SL_Australia`, `Europe`, `SL_UK`, `SL_SouthAmerica`, `NorthAmerica`, `SL_MiddleUSA`, `Canada`, `SL_VIET`, `WestIndia`, `Thailand`, `Virginia`, `Russia`, `Japan` and `SL_Indonesia`.","description_kind":"plain","required":true},"scalable":{"type":"bool","description":"Indicates whether GAAP proxy can scalable.","description_kind":"plain","computed":true},"status":{"type":"string","description":"Status of the GAAP proxy.","description_kind":"plain","computed":true},"support_protocols":{"type":["list","string"],"description":"Supported protocols of the GAAP proxy.","description_kind":"plain","computed":true},"tags":{"type":["map","string"],"description":"Tags of the GAAP proxy.","description_kind":"plain","optional":true}},"description_kind":"plain"}},"tencentcloud_gaap_realserver":{"version":0,"block":{"attributes":{"domain":{"type":"string","description":"Domain of the GAAP realserver, conflict with `ip`.","description_kind":"plain","optional":true},"id":{"type":"string","description_kind":"plain","optional":true,"computed":true},"ip":{"type":"string","description":"IP of the GAAP realserver, conflict with `domain`.","description_kind":"plain","optional":true},"name":{"type":"string","description":"Name of the GAAP realserver, the maximum length is 30.","description_kind":"plain","required":true},"project_id":{"type":"number","description":"ID of the project within the GAAP realserver, '0' means is default project.","description_kind":"plain","optional":true},"tags":{"type":["map","string"],"description":"Tags of the GAAP realserver.","description_kind":"plain","optional":true}},"description_kind":"plain"}},"tencentcloud_gaap_security_policy":{"version":0,"block":{"attributes":{"action":{"type":"string","description":"Default policy, the available values include `ACCEPT` and `DROP`.","description_kind":"plain","required":true},"enable":{"type":"bool","description":"Indicates whether policy is enable, default value is `true`.","description_kind":"plain","optional":true},"id":{"type":"string","description_kind":"plain","optional":true,"computed":true},"proxy_id":{"type":"string","description":"ID of the GAAP proxy.","description_kind":"plain","required":true}},"description_kind":"plain"}},"tencentcloud_gaap_security_rule":{"version":0,"block":{"attributes":{"action":{"type":"string","description":"Policy of the rule, the available values include `ACCEPT` and `DROP`.","description_kind":"plain","required":true},"cidr_ip":{"type":"string","description":"A network address block of the request source.","description_kind":"plain","required":true},"id":{"type":"string","description_kind":"plain","optional":true,"computed":true},"name":{"type":"string","description":"Name of the security policy rule. Maximum length is 30.","description_kind":"plain","optional":true},"policy_id":{"type":"string","description":"ID of the security policy.","description_kind":"plain","required":true},"port":{"type":"string","description":"Target port. Default value is `ALL`, the available values include `80`, `80,443` and `3306-20000`.","description_kind":"plain","optional":true},"protocol":{"type":"string","description":"Protocol of the security policy rule. Default value is `ALL`, the available values include `TCP`, `UDP` and `ALL`.","description_kind":"plain","optional":true}},"description_kind":"plain"}},"tencentcloud_ha_vip":{"version":0,"block":{"attributes":{"address_ip":{"type":"string","description":"EIP that is associated.","description_kind":"plain","computed":true},"create_time":{"type":"string","description":"Create time of the HA VIP.","description_kind":"plain","computed":true},"id":{"type":"string","description_kind":"plain","optional":true,"computed":true},"instance_id":{"type":"string","description":"Instance id that is associated.","description_kind":"plain","computed":true},"name":{"type":"string","description":"Name of the HA VIP. The length of character is limited to 1-60.","description_kind":"plain","required":true},"network_interface_id":{"type":"string","description":"Network interface id that is associated.","description_kind":"plain","computed":true},"state":{"type":"string","description":"State of the HA VIP, values are `AVAILABLE`, `UNBIND`.","description_kind":"plain","computed":true},"subnet_id":{"type":"string","description":"Subnet id.","description_kind":"plain","required":true},"vip":{"type":"string","description":"Virtual IP address, it must not be occupied and in this VPC network segment. If not set, it will be assigned after resource created automatically.","description_kind":"plain","optional":true,"computed":true},"vpc_id":{"type":"string","description":"VPC id.","description_kind":"plain","required":true}},"description_kind":"plain"}},"tencentcloud_ha_vip_eip_attachment":{"version":0,"block":{"attributes":{"address_ip":{"type":"string","description":"Public address of the EIP.","description_kind":"plain","required":true},"havip_id":{"type":"string","description":"Id of the attached HA VIP.","description_kind":"plain","required":true},"id":{"type":"string","description_kind":"plain","optional":true,"computed":true}},"description_kind":"plain"}},"tencentcloud_image":{"version":0,"block":{"attributes":{"data_disk_ids":{"type":["set","string"],"description":"Cloud disk id list, When creating a whole machine image based on an instance, specify the data disk Id contained in the image.","description_kind":"plain","optional":true,"computed":true},"force_poweroff":{"type":"bool","description":"Set whether to force shutdown during mirroring. The default value is false, when set to true, it means that the mirror will be made after shutdown.","description_kind":"plain","optional":true},"id":{"type":"string","description_kind":"plain","optional":true,"computed":true},"image_description":{"type":"string","description":"Image Description.","description_kind":"plain","optional":true},"image_name":{"type":"string","description":"Image name.","description_kind":"plain","required":true},"instance_id":{"type":"string","description":"Cloud server instance ID.","description_kind":"plain","optional":true},"snapshot_ids":{"type":["set","string"],"description":"Cloud disk snapshot ID list; creating a mirror based on a snapshot must include a system disk snapshot. It cannot be passed in simultaneously with InstanceId.","description_kind":"plain","optional":true},"sysprep":{"type":"bool","description":"Sysprep function under Windows. When creating a Windows image, you can select true or false to enable or disable the Syspre function.","description_kind":"plain","optional":true}},"description_kind":"plain"}},"tencentcloud_instance":{"version":0,"block":{"attributes":{"allocate_public_ip":{"type":"bool","description":"Associate a public ip address with an instance in a VPC or Classic. Boolean value, Default is false.","description_kind":"plain","optional":true},"availability_zone":{"type":"string","description":"The available zone that the CVM instance locates at.","description_kind":"plain","required":true},"create_time":{"type":"string","description":"Create time of the instance.","description_kind":"plain","computed":true},"disable_monitor_service":{"type":"bool","description":"Disable enhance service for monitor, it is enabled by default. When this options is set, monitor agent won't be installed.","description_kind":"plain","optional":true},"disable_security_service":{"type":"bool","description":"Disable enhance service for security, it is enabled by default. When this options is set, security agent won't be installed.","description_kind":"plain","optional":true},"expired_time":{"type":"string","description":"Expired time of the instance.","description_kind":"plain","computed":true},"force_delete":{"type":"bool","description":"Indicate whether to delete instance directly or not. Default is false. If set true, the instance will be permanently deleted instead of staying in recycle bin. Note: only works for `PREPAID` instance.","description_kind":"plain","optional":true},"hostname":{"type":"string","description":"The hostname of CVM. Windows instance: The name should be a combination of 2 to 15 characters comprised of letters (case insensitive), numbers, and hyphens (-). Period (.) is not supported, and the name cannot be a string of pure numbers. Other types (such as Linux) of instances: The name should be a combination of 2 to 60 characters, supporting multiple periods (.). The piece between two periods is composed of letters (case insensitive), numbers, and hyphens (-).","description_kind":"plain","optional":true},"id":{"type":"string","description_kind":"plain","optional":true,"computed":true},"image_id":{"type":"string","description":"The Image to use for the instance. Change 'image_id' will case instance destroy and re-created.","description_kind":"plain","required":true},"instance_charge_type":{"type":"string","description":"The charge type of instance. Valid values are `PREPAID`, `POSTPAID_BY_HOUR` and `SPOTPAID`, The default is `POSTPAID_BY_HOUR`. Note: TencentCloud International only supports `POSTPAID_BY_HOUR`. `PREPAID` instance may not allow to delete before expired. `SPOTPAID` instance must set `spot_instance_type` and `spot_max_price` at the same time.","description_kind":"plain","optional":true},"instance_charge_type_prepaid_period":{"type":"number","description":"The tenancy (time unit is month) of the prepaid instance, NOTE: it only works when instance_charge_type is set to `PREPAID`. Valid values are 1, 2, 3, 4, 5, 6, 7, 8, 9, 10, 11, 12, 24, 36.","description_kind":"plain","optional":true},"instance_charge_type_prepaid_renew_flag":{"type":"string","description":"When enabled, the CVM instance will be renew automatically when it reach the end of the prepaid tenancy. Valid values are `NOTIFY_AND_AUTO_RENEW`, `NOTIFY_AND_MANUAL_RENEW` and `DISABLE_NOTIFY_AND_MANUAL_RENEW`. NOTE: it only works when instance_charge_type is set to `PREPAID`.","description_kind":"plain","optional":true,"computed":true},"instance_name":{"type":"string","description":"The name of the CVM. The max length of instance_name is 60, and default value is `Terraform-CVM-Instance`.","description_kind":"plain","optional":true},"instance_status":{"type":"string","description":"Current status of the instance.","description_kind":"plain","computed":true},"instance_type":{"type":"string","description":"The type of instance to start.","description_kind":"plain","optional":true,"computed":true},"internet_charge_type":{"type":"string","description":"Internet charge type of the instance, Valid values are `BANDWIDTH_PREPAID`, `TRAFFIC_POSTPAID_BY_HOUR`, `BANDWIDTH_POSTPAID_BY_HOUR` and `BANDWIDTH_PACKAGE`. This value does not need to be set when `allocate_public_ip` is false.","description_kind":"plain","optional":true,"computed":true},"internet_max_bandwidth_out":{"type":"number","description":"Maximum outgoing bandwidth to the public network, measured in Mbps (Mega bit per second). This value does not need to be set when `allocate_public_ip` is false.","description_kind":"plain","optional":true,"computed":true},"key_name":{"type":"string","description":"The key pair to use for the instance, it looks like skey-16jig7tx.","description_kind":"plain","optional":true,"computed":true},"password":{"type":"string","description":"Password to an instance. In order to take effect new password, the instance will be restarted after modifying the password.","description_kind":"plain","optional":true,"sensitive":true},"placement_group_id":{"type":"string","description":"The id of a placement group.","description_kind":"plain","optional":true},"private_ip":{"type":"string","description":"The private ip to be assigned to this instance, must be in the provided subnet and available.","description_kind":"plain","optional":true,"computed":true},"project_id":{"type":"number","description":"The project CVM belongs to, default to 0.","description_kind":"plain","optional":true},"public_ip":{"type":"string","description":"Public ip of the instance.","description_kind":"plain","computed":true},"running_flag":{"type":"bool","description":"Set instance to running or stop. Default value is true, the instance will shutdown when flag is false.","description_kind":"plain","optional":true},"security_groups":{"type":["set","string"],"description":"A list of security group ids to associate with.","description_kind":"plain","optional":true,"computed":true},"spot_instance_type":{"type":"string","description":"Type of spot instance, only support `ONE-TIME` now. Note: it only works when instance_charge_type is set to `SPOTPAID`.","description_kind":"plain","optional":true},"spot_max_price":{"type":"string","description":"Max price of spot instance, is the format of decimal string, for example \"0.50\". Note: it only works when instance_charge_type is set to `SPOTPAID`.","description_kind":"plain","optional":true},"subnet_id":{"type":"string","description":"The id of a VPC subnetwork. If you want to create instances in VPC network, this parameter must be set.","description_kind":"plain","optional":true,"computed":true},"system_disk_id":{"type":"string","description":"System disk snapshot ID used to initialize the system disk. When system disk type is `LOCAL_BASIC` and `LOCAL_SSD`, disk id is not supported.","description_kind":"plain","optional":true,"computed":true},"system_disk_size":{"type":"number","description":"Size of the system disk. Value range: [50, 1000], and unit is GB. Default is 50GB.","description_kind":"plain","optional":true},"system_disk_type":{"type":"string","description":"Type of the system disk. Valid values are `LOCAL_BASIC`, `LOCAL_SSD`, `CLOUD_BASIC`, `CLOUD_SSD` and `CLOUD_PREMIUM`, default value is `CLOUD_BASIC`. NOTE: `LOCAL_BASIC` and `LOCAL_SSD` are deprecated.","description_kind":"plain","optional":true},"tags":{"type":["map","string"],"description":"A mapping of tags to assign to the resource. For tag limits, please refer to [Use Limits](https://intl.cloud.tencent.com/document/product/651/13354).","description_kind":"plain","optional":true},"user_data":{"type":"string","description":"The user data to be specified into this instance. Must be encrypted in base64 format and limited in 16 KB.","description_kind":"plain","optional":true},"user_data_raw":{"type":"string","description":"The user data to be specified into this instance, plain text. Conflicts with `user_data`. Limited in 16 KB after encrypted in base64 format.","description_kind":"plain","optional":true},"vpc_id":{"type":"string","description":"The id of a VPC network. If you want to create instances in VPC network, this parameter must be set.","description_kind":"plain","optional":true,"computed":true}},"block_types":{"data_disks":{"nesting_mode":"list","block":{"attributes":{"data_disk_id":{"type":"string","description":"Data disk ID used to initialize the data disk. When data disk type is `LOCAL_BASIC` and `LOCAL_SSD`, disk id is not supported.","description_kind":"plain","optional":true,"computed":true},"data_disk_size":{"type":"number","description":"Size of the data disk, and unit is GB. If disk type is `CLOUD_SSD`, the size range is [100, 16000], and the others are [10-16000].","description_kind":"plain","required":true},"data_disk_snapshot_id":{"type":"string","description":"Snapshot ID of the data disk. The selected data disk snapshot size must be smaller than the data disk size.","description_kind":"plain","optional":true},"data_disk_type":{"type":"string","description":"Type of the data disk. Valid values are `LOCAL_BASIC`, `LOCAL_SSD`, `CLOUD_BASIC`, `CLOUD_SSD` and `CLOUD_PREMIUM`. NOTE: `LOCAL_BASIC` and `LOCAL_SSD` are deprecated.","description_kind":"plain","required":true},"delete_with_instance":{"type":"bool","description":"Decides whether the disk is deleted with instance(only applied to `CLOUD_BASIC`, `CLOUD_SSD` and `CLOUD_PREMIUM` disk with `POSTPAID_BY_HOUR` instance), default is true.","description_kind":"plain","optional":true}},"description":"Settings for data disk.","description_kind":"plain"},"max_items":10}},"description_kind":"plain"}},"tencentcloud_key_pair":{"version":0,"block":{"attributes":{"id":{"type":"string","description_kind":"plain","optional":true,"computed":true},"key_name":{"type":"string","description":"The key pair's name. It is the only in one TencentCloud account.","description_kind":"plain","required":true},"project_id":{"type":"number","description":"Specifys to which project the key pair belongs.","description_kind":"plain","optional":true},"public_key":{"type":"string","description":"You can import an existing public key and using TencentCloud key pair to manage it.","description_kind":"plain","required":true}},"description_kind":"plain"}},"tencentcloud_kubernetes_as_scaling_group":{"version":0,"block":{"attributes":{"cluster_id":{"type":"string","description":"ID of the cluster.","description_kind":"plain","required":true},"id":{"type":"string","description_kind":"plain","optional":true,"computed":true},"labels":{"type":["map","string"],"description":"Labels of kubernetes AS Group created nodes.","description_kind":"plain","optional":true}},"block_types":{"auto_scaling_config":{"nesting_mode":"list","block":{"attributes":{"configuration_name":{"type":"string","description":"Name of a launch configuration.","description_kind":"plain","required":true},"enhanced_monitor_service":{"type":"bool","description":"To specify whether to enable cloud monitor service. Default is TRUE.","description_kind":"plain","optional":true},"enhanced_security_service":{"type":"bool","description":"To specify whether to enable cloud security service. Default is TRUE.","description_kind":"plain","optional":true},"instance_tags":{"type":["map","string"],"description":"A list of tags used to associate different resources.","description_kind":"plain","optional":true},"instance_type":{"type":"string","description":"Specified types of CVM instance.","description_kind":"plain","required":true},"internet_charge_type":{"type":"string","description":"Charge types for network traffic. Available values include `BANDWIDTH_PREPAID`, `TRAFFIC_POSTPAID_BY_HOUR`, `TRAFFIC_POSTPAID_BY_HOUR` and `BANDWIDTH_PACKAGE`.","description_kind":"plain","optional":true},"internet_max_bandwidth_out":{"type":"number","description":"Max bandwidth of Internet access in Mbps. Default is 0.","description_kind":"plain","optional":true},"key_ids":{"type":["list","string"],"description":"ID list of keys.","description_kind":"plain","optional":true},"password":{"type":"string","description":"Password to access.","description_kind":"plain","optional":true,"sensitive":true},"project_id":{"type":"number","description":"Specifys to which project the configuration belongs.","description_kind":"plain","optional":true},"public_ip_assigned":{"type":"bool","description":"Specify whether to assign an Internet IP address.","description_kind":"plain","optional":true},"security_group_ids":{"type":["list","string"],"description":"Security groups to which a CVM instance belongs.","description_kind":"plain","optional":true},"system_disk_size":{"type":"number","description":"Volume of system disk in GB. Default is 50.","description_kind":"plain","optional":true},"system_disk_type":{"type":"string","description":"Type of a CVM disk, and available values include CLOUD_PREMIUM and CLOUD_SSD. Default is CLOUD_PREMIUM.","description_kind":"plain","optional":true}},"block_types":{"data_disk":{"nesting_mode":"list","block":{"attributes":{"disk_size":{"type":"number","description":"Volume of disk in GB. Default is 0.","description_kind":"plain","optional":true},"disk_type":{"type":"string","description":"Types of disk, available values: CLOUD_PREMIUM and CLOUD_SSD.","description_kind":"plain","optional":true},"snapshot_id":{"type":"string","description":"Data disk snapshot ID.","description_kind":"plain","optional":true}},"description":"Configurations of data disk.","description_kind":"plain"},"max_items":11}},"description":"Auto scaling config parameters.","description_kind":"plain"},"min_items":1,"max_items":1},"auto_scaling_group":{"nesting_mode":"list","block":{"attributes":{"default_cooldown":{"type":"number","description":"Default cooldown time in second, and default value is 300.","description_kind":"plain","optional":true},"desired_capacity":{"type":"number","description":"Desired volume of CVM instances, which is between max_size and min_size.","description_kind":"plain","optional":true,"computed":true},"load_balancer_ids":{"type":["list","string"],"description":"ID list of traditional load balancers.","description_kind":"plain","optional":true},"max_size":{"type":"number","description":"Maximum number of CVM instances (0~2000).","description_kind":"plain","required":true},"min_size":{"type":"number","description":"Minimum number of CVM instances (0~2000).","description_kind":"plain","required":true},"project_id":{"type":"number","description":"Specifys to which project the scaling group belongs.","description_kind":"plain","optional":true},"retry_policy":{"type":"string","description":"Available values for retry policies include IMMEDIATE_RETRY and INCREMENTAL_INTERVALS.","description_kind":"plain","optional":true},"scaling_group_name":{"type":"string","description":"Name of a scaling group.","description_kind":"plain","required":true},"subnet_ids":{"type":["list","string"],"description":"ID list of subnet, and for VPC it is required.","description_kind":"plain","optional":true},"tags":{"type":["map","string"],"description":"Tags of a scaling group.","description_kind":"plain","optional":true},"termination_policies":{"type":["list","string"],"description":"Available values for termination policies include OLDEST_INSTANCE and NEWEST_INSTANCE.","description_kind":"plain","optional":true},"vpc_id":{"type":"string","description":"ID of VPC network.","description_kind":"plain","required":true},"zones":{"type":["list","string"],"description":"List of available zones, for Basic network it is required.","description_kind":"plain","optional":true}},"block_types":{"forward_balancer_ids":{"nesting_mode":"list","block":{"attributes":{"listener_id":{"type":"string","description":"Listener ID for application load balancers.","description_kind":"plain","required":true},"load_balancer_id":{"type":"string","description":"ID of available load balancers.","description_kind":"plain","required":true},"rule_id":{"type":"string","description":"ID of forwarding rules.","description_kind":"plain","optional":true}},"block_types":{"target_attribute":{"nesting_mode":"list","block":{"attributes":{"port":{"type":"number","description":"Port number.","description_kind":"plain","required":true},"weight":{"type":"number","description":"Weight.","description_kind":"plain","required":true}},"description":"Attribute list of target rules.","description_kind":"plain"},"min_items":1}},"description":"List of application load balancers, which can't be specified with load_balancer_ids together.","description_kind":"plain"}}},"description":"Auto scaling group parameters.","description_kind":"plain"},"min_items":1,"max_items":1}},"description_kind":"plain"}},"tencentcloud_kubernetes_cluster":{"version":0,"block":{"attributes":{"certification_authority":{"type":"string","description":"The certificate used for access.","description_kind":"plain","computed":true},"claim_expired_seconds":{"type":"number","description":"Claim expired seconds to recycle ENI. This field can only set when field `network_type` is 'VPC-CNI'. `claim_expired_seconds` must greater or equal than 300 and less than 15768000.","description_kind":"plain","optional":true},"cluster_as_enabled":{"type":"bool","description":"Indicates whether to enable cluster node auto scaler.","description_kind":"plain","optional":true},"cluster_cidr":{"type":"string","description":"A network address block of the cluster. Different from vpc cidr and cidr of other clusters within this vpc. Must be in  10./192.168/172.[16-31] segments.","description_kind":"plain","optional":true},"cluster_deploy_type":{"type":"string","description":"Deployment type of the cluster, the available values include: 'MANAGED_CLUSTER' and 'INDEPENDENT_CLUSTER', Default is 'MANAGED_CLUSTER'.","description_kind":"plain","optional":true},"cluster_desc":{"type":"string","description":"Description of the cluster.","description_kind":"plain","optional":true},"cluster_external_endpoint":{"type":"string","description":"External network address to access.","description_kind":"plain","computed":true},"cluster_internet":{"type":"bool","description":"Open internet access or not.","description_kind":"plain","optional":true},"cluster_intranet":{"type":"bool","description":"Open intranet access or not.","description_kind":"plain","optional":true},"cluster_intranet_subnet_id":{"type":"string","description":"Subnet id who can access this independent cluster, this field must and can only set  when `cluster_intranet` is true. `cluster_intranet_subnet_id` can not modify once be set.","description_kind":"plain","optional":true},"cluster_ipvs":{"type":"bool","description":"Indicates whether ipvs is enabled. Default is true.","description_kind":"plain","optional":true},"cluster_max_pod_num":{"type":"number","description":"The maximum number of Pods per node in the cluster. Default is 256. Must be a multiple of 16 and large than 32.","description_kind":"plain","optional":true},"cluster_max_service_num":{"type":"number","description":"The maximum number of services in the cluster. Default is 256. Must be a multiple of 16.","description_kind":"plain","optional":true},"cluster_name":{"type":"string","description":"Name of the cluster.","description_kind":"plain","optional":true},"cluster_node_num":{"type":"number","description":"Number of nodes in the cluster.","description_kind":"plain","computed":true},"cluster_os":{"type":"string","description":"Operating system of the cluster, the available values include: 'centos7.2x86_64','centos7.6x86_64','ubuntu16.04.1 LTSx86_64','ubuntu18.04.1 LTSx86_64'. Default is 'ubuntu16.04.1 LTSx86_64'.","description_kind":"plain","optional":true},"cluster_os_type":{"type":"string","description":"Image type of the cluster os, the available values include: 'DOCKER_CUSTOMIZE','GENERAL'. Default is 'GENERAL'. 'DOCKER_CUSTOMIZE' means 'TKE-Optimized'. Only 'centos7.6x86_64' or 'ubuntu18.04.1 LTSx86_64' support 'DOCKER_CUSTOMIZE' now.","description_kind":"plain","optional":true},"cluster_version":{"type":"string","description":"Version of the cluster, Default is '1.10.5'.","description_kind":"plain","optional":true},"container_runtime":{"type":"string","description":"Runtime type of the cluster, the available values include: 'docker' and 'containerd'. Default is 'docker'.","description_kind":"plain","optional":true},"deletion_protection":{"type":"bool","description":"Indicates whether cluster deletion protection is enabled. Default is false.","description_kind":"plain","optional":true},"domain":{"type":"string","description":"Domain name for access.","description_kind":"plain","computed":true},"eni_subnet_ids":{"type":["list","string"],"description":"Subnet Ids for cluster with VPC-CNI network mode. This field can only set when field `network_type` is 'VPC-CNI'. `eni_subnet_ids` can not empty once be set.","description_kind":"plain","optional":true},"id":{"type":"string","description_kind":"plain","optional":true,"computed":true},"ignore_cluster_cidr_conflict":{"type":"bool","description":"Indicates whether to ignore the cluster cidr conflict error. Default is false.","description_kind":"plain","optional":true},"is_non_static_ip_mode":{"type":"bool","description":"Indicates whether static ip mode is enabled. Default is false.","description_kind":"plain","optional":true},"kube_proxy_mode":{"type":"string","description":"Cluster kube-proxy mode, the available values include: 'kube-proxy-bpf'. Default is not set.When set to kube-proxy-bpf, cluster version greater than 1.14 and with TKE-optimized kernel is required.","description_kind":"plain","optional":true},"labels":{"type":["map","string"],"description":"Labels of tke cluster nodes.","description_kind":"plain","optional":true},"managed_cluster_internet_security_policies":{"type":["list","string"],"description":"Security policies for managed cluster internet, like:'192.168.1.0/24' or '113.116.51.27', '0.0.0.0/0' means all. This field can only set when field `cluster_deploy_type` is 'MANAGED_CLUSTER' and `cluster_internet` is true. `managed_cluster_internet_security_policies` can not delete or empty once be set.","description_kind":"plain","optional":true},"network_type":{"type":"string","description":"Cluster network type, GR or VPC-CNI. Default is GR.","description_kind":"plain","optional":true},"node_name_type":{"type":"string","description":"Node name type of Cluster, the available values include: 'lan-ip' and 'hostname', Default is 'lan-ip'.","description_kind":"plain","optional":true},"password":{"type":"string","description":"Password of account.","description_kind":"plain","computed":true},"pgw_endpoint":{"type":"string","description":"The Intranet address used for access.","description_kind":"plain","computed":true},"project_id":{"type":"number","description":"Project ID, default value is 0.","description_kind":"plain","optional":true},"security_policy":{"type":["list","string"],"description":"Access policy.","description_kind":"plain","computed":true},"service_cidr":{"type":"string","description":"A network address block of the service. Different from vpc cidr and cidr of other clusters within this vpc. Must be in  10./192.168/172.[16-31] segments.","description_kind":"plain","optional":true},"tags":{"type":["map","string"],"description":"The tags of the cluster.","description_kind":"plain","optional":true},"user_name":{"type":"string","description":"User name of account.","description_kind":"plain","computed":true},"vpc_id":{"type":"string","description":"Vpc Id of the cluster.","description_kind":"plain","required":true},"worker_instances_list":{"type":["list",["object",{"failed_reason":"string","instance_id":"string","instance_role":"string","instance_state":"string"}]],"description":"An information list of cvm within the 'WORKER' clusters. Each element contains the following attributes:","description_kind":"plain","computed":true}},"block_types":{"cluster_extra_args":{"nesting_mode":"list","block":{"attributes":{"kube_apiserver":{"type":["list","string"],"description":"The customized parameters for kube-apiserver.","description_kind":"plain","optional":true},"kube_controller_manager":{"type":["list","string"],"description":"The customized parameters for kube-controller-manager.","description_kind":"plain","optional":true},"kube_scheduler":{"type":["list","string"],"description":"The customized parameters for kube-scheduler.","description_kind":"plain","optional":true}},"description":"Customized parameters for master component,such as kube-apiserver, kube-controller-manager, kube-scheduler.","description_kind":"plain"},"max_items":1},"master_config":{"nesting_mode":"list","block":{"attributes":{"availability_zone":{"type":"string","description":"Indicates which availability zone will be used.","description_kind":"plain","optional":true},"count":{"type":"number","description":"Number of cvm.","description_kind":"plain","optional":true},"enhanced_monitor_service":{"type":"bool","description":"To specify whether to enable cloud monitor service. Default is TRUE.","description_kind":"plain","optional":true},"enhanced_security_service":{"type":"bool","description":"To specify whether to enable cloud security service. Default is TRUE.","description_kind":"plain","optional":true},"instance_charge_type":{"type":"string","description":"The charge type of instance. Valid values are `PREPAID` and `POSTPAID_BY_HOUR`, The default is `POSTPAID_BY_HOUR`. Note: TencentCloud International only supports `POSTPAID_BY_HOUR`, `PREPAID` instance will not terminated after cluster deleted, and may not allow to delete before expired.","description_kind":"plain","optional":true},"instance_charge_type_prepaid_period":{"type":"number","description":"The tenancy (time unit is month) of the prepaid instance, NOTE: it only works when instance_charge_type is set to `PREPAID`. Valid values are 1, 2, 3, 4, 5, 6, 7, 8, 9, 10, 11, 12, 24, 36.","description_kind":"plain","optional":true},"instance_charge_type_prepaid_renew_flag":{"type":"string","description":"When enabled, the CVM instance will be renew automatically when it reach the end of the prepaid tenancy. Valid values are `NOTIFY_AND_AUTO_RENEW`, `NOTIFY_AND_MANUAL_RENEW` and `DISABLE_NOTIFY_AND_MANUAL_RENEW`. NOTE: it only works when instance_charge_type is set to `PREPAID`.","description_kind":"plain","optional":true},"instance_name":{"type":"string","description":"Name of the CVMs.","description_kind":"plain","optional":true},"instance_type":{"type":"string","description":"Specified types of CVM instance.","description_kind":"plain","required":true},"internet_charge_type":{"type":"string","description":"Charge types for network traffic. Available values include TRAFFIC_POSTPAID_BY_HOUR.","description_kind":"plain","optional":true},"internet_max_bandwidth_out":{"type":"number","description":"Max bandwidth of Internet access in Mbps. Default is 0.","description_kind":"plain","optional":true},"key_ids":{"type":["list","string"],"description":"ID list of keys, should be set if `password` not set.","description_kind":"plain","optional":true},"password":{"type":"string","description":"Password to access, should be set if `key_ids` not set.","description_kind":"plain","optional":true,"sensitive":true},"public_ip_assigned":{"type":"bool","description":"Specify whether to assign an Internet IP address.","description_kind":"plain","optional":true},"security_group_ids":{"type":["list","string"],"description":"Security groups to which a CVM instance belongs.","description_kind":"plain","optional":true},"subnet_id":{"type":"string","description":"Private network ID.","description_kind":"plain","required":true},"system_disk_size":{"type":"number","description":"Volume of system disk in GB. Default is 50.","description_kind":"plain","optional":true},"system_disk_type":{"type":"string","description":"Type of a CVM disk, and available values include CLOUD_PREMIUM and CLOUD_SSD. Default is CLOUD_PREMIUM.","description_kind":"plain","optional":true},"user_data":{"type":"string","description":"ase64-encoded User Data text, the length limit is 16KB.","description_kind":"plain","optional":true}},"block_types":{"data_disk":{"nesting_mode":"list","block":{"attributes":{"disk_size":{"type":"number","description":"Volume of disk in GB. Default is 0.","description_kind":"plain","optional":true},"disk_type":{"type":"string","description":"Types of disk, available values: CLOUD_PREMIUM and CLOUD_SSD.","description_kind":"plain","optional":true},"snapshot_id":{"type":"string","description":"Data disk snapshot ID.","description_kind":"plain","optional":true}},"description":"Configurations of data disk.","description_kind":"plain"},"max_items":11}},"description":"Deploy the machine configuration information of the 'MASTER_ETCD' service, and create \u003c=7 units for common users.","description_kind":"plain"}},"worker_config":{"nesting_mode":"list","block":{"attributes":{"availability_zone":{"type":"string","description":"Indicates which availability zone will be used.","description_kind":"plain","optional":true},"count":{"type":"number","description":"Number of cvm.","description_kind":"plain","optional":true},"enhanced_monitor_service":{"type":"bool","description":"To specify whether to enable cloud monitor service. Default is TRUE.","description_kind":"plain","optional":true},"enhanced_security_service":{"type":"bool","description":"To specify whether to enable cloud security service. Default is TRUE.","description_kind":"plain","optional":true},"instance_charge_type":{"type":"string","description":"The charge type of instance. Valid values are `PREPAID` and `POSTPAID_BY_HOUR`, The default is `POSTPAID_BY_HOUR`. Note: TencentCloud International only supports `POSTPAID_BY_HOUR`, `PREPAID` instance will not terminated after cluster deleted, and may not allow to delete before expired.","description_kind":"plain","optional":true},"instance_charge_type_prepaid_period":{"type":"number","description":"The tenancy (time unit is month) of the prepaid instance, NOTE: it only works when instance_charge_type is set to `PREPAID`. Valid values are 1, 2, 3, 4, 5, 6, 7, 8, 9, 10, 11, 12, 24, 36.","description_kind":"plain","optional":true},"instance_charge_type_prepaid_renew_flag":{"type":"string","description":"When enabled, the CVM instance will be renew automatically when it reach the end of the prepaid tenancy. Valid values are `NOTIFY_AND_AUTO_RENEW`, `NOTIFY_AND_MANUAL_RENEW` and `DISABLE_NOTIFY_AND_MANUAL_RENEW`. NOTE: it only works when instance_charge_type is set to `PREPAID`.","description_kind":"plain","optional":true},"instance_name":{"type":"string","description":"Name of the CVMs.","description_kind":"plain","optional":true},"instance_type":{"type":"string","description":"Specified types of CVM instance.","description_kind":"plain","required":true},"internet_charge_type":{"type":"string","description":"Charge types for network traffic. Available values include TRAFFIC_POSTPAID_BY_HOUR.","description_kind":"plain","optional":true},"internet_max_bandwidth_out":{"type":"number","description":"Max bandwidth of Internet access in Mbps. Default is 0.","description_kind":"plain","optional":true},"key_ids":{"type":["list","string"],"description":"ID list of keys, should be set if `password` not set.","description_kind":"plain","optional":true},"password":{"type":"string","description":"Password to access, should be set if `key_ids` not set.","description_kind":"plain","optional":true,"sensitive":true},"public_ip_assigned":{"type":"bool","description":"Specify whether to assign an Internet IP address.","description_kind":"plain","optional":true},"security_group_ids":{"type":["list","string"],"description":"Security groups to which a CVM instance belongs.","description_kind":"plain","optional":true},"subnet_id":{"type":"string","description":"Private network ID.","description_kind":"plain","required":true},"system_disk_size":{"type":"number","description":"Volume of system disk in GB. Default is 50.","description_kind":"plain","optional":true},"system_disk_type":{"type":"string","description":"Type of a CVM disk, and available values include CLOUD_PREMIUM and CLOUD_SSD. Default is CLOUD_PREMIUM.","description_kind":"plain","optional":true},"user_data":{"type":"string","description":"ase64-encoded User Data text, the length limit is 16KB.","description_kind":"plain","optional":true}},"block_types":{"data_disk":{"nesting_mode":"list","block":{"attributes":{"disk_size":{"type":"number","description":"Volume of disk in GB. Default is 0.","description_kind":"plain","optional":true},"disk_type":{"type":"string","description":"Types of disk, available values: CLOUD_PREMIUM and CLOUD_SSD.","description_kind":"plain","optional":true},"snapshot_id":{"type":"string","description":"Data disk snapshot ID.","description_kind":"plain","optional":true}},"description":"Configurations of data disk.","description_kind":"plain"},"max_items":11}},"description":"Deploy the machine configuration information of the 'WORKER' service, and create \u003c=20 units for common users. The other 'WORK' service are added by 'tencentcloud_kubernetes_worker'.","description_kind":"plain"}}},"description_kind":"plain"}},"tencentcloud_kubernetes_cluster_attachment":{"version":0,"block":{"attributes":{"cluster_id":{"type":"string","description":"ID of the cluster.","description_kind":"plain","required":true},"id":{"type":"string","description_kind":"plain","optional":true,"computed":true},"instance_id":{"type":"string","description":"ID of the CVM instance, this cvm will reinstall the system.","description_kind":"plain","required":true},"key_ids":{"type":["list","string"],"description":"The key pair to use for the instance, it looks like skey-16jig7tx, it should be set if `password` not set.","description_kind":"plain","optional":true},"labels":{"type":["map","string"],"description":"Labels of tke attachment exits cvm.","description_kind":"plain","optional":true},"password":{"type":"string","description":"Password to access, should be set if `key_ids` not set.","description_kind":"plain","optional":true,"sensitive":true},"security_groups":{"type":["set","string"],"description":"A list of security group ids after attach to cluster.","description_kind":"plain","computed":true}},"block_types":{"worker_config":{"nesting_mode":"list","block":{"attributes":{"docker_graph_path":{"type":"string","description":"Docker graph path. Default is `/var/lib/docker`.","description_kind":"plain","optional":true},"is_schedule":{"type":"bool","description":"Indicate to schedule the adding node or not. Default is true.","description_kind":"plain","optional":true},"mount_target":{"type":"string","description":"Mount target. Default is not mounting.","description_kind":"plain","optional":true},"user_data":{"type":"string","description":"Base64-encoded User Data text, the length limit is 16KB.","description_kind":"plain","optional":true}},"block_types":{"data_disk":{"nesting_mode":"list","block":{"attributes":{"disk_size":{"type":"number","description":"Volume of disk in GB. Default is 0.","description_kind":"plain","optional":true},"disk_type":{"type":"string","description":"Types of disk, available values: CLOUD_PREMIUM and CLOUD_SSD.","description_kind":"plain","optional":true}},"description":"Configurations of data disk.","description_kind":"plain"},"max_items":11}},"description":"Deploy the machine configuration information of the 'WORKER', commonly used to attach existing instances.","description_kind":"plain"},"max_items":1}},"description_kind":"plain"}},"tencentcloud_kubernetes_scale_worker":{"version":0,"block":{"attributes":{"cluster_id":{"type":"string","description":"ID of the cluster.","description_kind":"plain","required":true},"id":{"type":"string","description_kind":"plain","optional":true,"computed":true},"worker_instances_list":{"type":["list",["object",{"failed_reason":"string","instance_id":"string","instance_role":"string","instance_state":"string"}]],"description":"An information list of kubernetes cluster 'WORKER'. Each element contains the following attributes:","description_kind":"plain","computed":true}},"block_types":{"worker_config":{"nesting_mode":"list","block":{"attributes":{"availability_zone":{"type":"string","description":"Indicates which availability zone will be used.","description_kind":"plain","optional":true},"count":{"type":"number","description":"Number of cvm.","description_kind":"plain","optional":true},"enhanced_monitor_service":{"type":"bool","description":"To specify whether to enable cloud monitor service. Default is TRUE.","description_kind":"plain","optional":true},"enhanced_security_service":{"type":"bool","description":"To specify whether to enable cloud security service. Default is TRUE.","description_kind":"plain","optional":true},"instance_charge_type":{"type":"string","description":"The charge type of instance. Valid values are `PREPAID` and `POSTPAID_BY_HOUR`, The default is `POSTPAID_BY_HOUR`. Note: TencentCloud International only supports `POSTPAID_BY_HOUR`, `PREPAID` instance will not terminated after cluster deleted, and may not allow to delete before expired.","description_kind":"plain","optional":true},"instance_charge_type_prepaid_period":{"type":"number","description":"The tenancy (time unit is month) of the prepaid instance, NOTE: it only works when instance_charge_type is set to `PREPAID`. Valid values are 1, 2, 3, 4, 5, 6, 7, 8, 9, 10, 11, 12, 24, 36.","description_kind":"plain","optional":true},"instance_charge_type_prepaid_renew_flag":{"type":"string","description":"When enabled, the CVM instance will be renew automatically when it reach the end of the prepaid tenancy. Valid values are `NOTIFY_AND_AUTO_RENEW`, `NOTIFY_AND_MANUAL_RENEW` and `DISABLE_NOTIFY_AND_MANUAL_RENEW`. NOTE: it only works when instance_charge_type is set to `PREPAID`.","description_kind":"plain","optional":true},"instance_name":{"type":"string","description":"Name of the CVMs.","description_kind":"plain","optional":true},"instance_type":{"type":"string","description":"Specified types of CVM instance.","description_kind":"plain","required":true},"internet_charge_type":{"type":"string","description":"Charge types for network traffic. Available values include TRAFFIC_POSTPAID_BY_HOUR.","description_kind":"plain","optional":true},"internet_max_bandwidth_out":{"type":"number","description":"Max bandwidth of Internet access in Mbps. Default is 0.","description_kind":"plain","optional":true},"key_ids":{"type":["list","string"],"description":"ID list of keys, should be set if `password` not set.","description_kind":"plain","optional":true},"password":{"type":"string","description":"Password to access, should be set if `key_ids` not set.","description_kind":"plain","optional":true,"sensitive":true},"public_ip_assigned":{"type":"bool","description":"Specify whether to assign an Internet IP address.","description_kind":"plain","optional":true},"security_group_ids":{"type":["list","string"],"description":"Security groups to which a CVM instance belongs.","description_kind":"plain","optional":true},"subnet_id":{"type":"string","description":"Private network ID.","description_kind":"plain","required":true},"system_disk_size":{"type":"number","description":"Volume of system disk in GB. Default is 50.","description_kind":"plain","optional":true},"system_disk_type":{"type":"string","description":"Type of a CVM disk, and available values include CLOUD_PREMIUM and CLOUD_SSD. Default is CLOUD_PREMIUM.","description_kind":"plain","optional":true},"user_data":{"type":"string","description":"ase64-encoded User Data text, the length limit is 16KB.","description_kind":"plain","optional":true}},"block_types":{"data_disk":{"nesting_mode":"list","block":{"attributes":{"disk_size":{"type":"number","description":"Volume of disk in GB. Default is 0.","description_kind":"plain","optional":true},"disk_type":{"type":"string","description":"Types of disk, available values: CLOUD_PREMIUM and CLOUD_SSD.","description_kind":"plain","optional":true},"snapshot_id":{"type":"string","description":"Data disk snapshot ID.","description_kind":"plain","optional":true}},"description":"Configurations of data disk.","description_kind":"plain"},"max_items":11}},"description":"Deploy the machine configuration information of the 'WORK' service, and create \u003c=20 units for common users.","description_kind":"plain"},"min_items":1,"max_items":1}},"description_kind":"plain"}},"tencentcloud_lb":{"version":0,"block":{"attributes":{"forward":{"type":"string","description":"The type of the LB, valid choices: 'CLASSIC', 'APPLICATION'.","description_kind":"plain","optional":true,"computed":true},"id":{"type":"string","description_kind":"plain","optional":true,"computed":true},"name":{"type":"string","description":"The name of the LB.","description_kind":"plain","optional":true,"computed":true},"project_id":{"type":"number","description":"The project id of the LB, unspecified or 0 stands for default project.","description_kind":"plain","optional":true,"computed":true},"status":{"type":"string","description":"The status of the LB.","description_kind":"plain","computed":true},"type":{"type":"string","description":"The network type of the LB, valid choices: 'OPEN', 'INTERNAL'.","description_kind":"plain","required":true},"vpc_id":{"type":"string","description":"The VPC ID of the LB, unspecified or 0 stands for CVM basic network.","description_kind":"plain","optional":true,"computed":true}},"description_kind":"plain","deprecated":true}},"tencentcloud_mongodb_instance":{"version":0,"block":{"attributes":{"auto_renew_flag":{"type":"number","description":"Auto renew flag. Valid values are `0`(NOTIFY_AND_MANUAL_RENEW), `1`(NOTIFY_AND_AUTO_RENEW) and `2`(DISABLE_NOTIFY_AND_MANUAL_RENEW). Default value is `0`. Note: only works for PREPAID instance. Only supports`0` and `1` for creation.","description_kind":"plain","optional":true},"available_zone":{"type":"string","description":"The available zone of the Mongodb.","description_kind":"plain","required":true},"charge_type":{"type":"string","description":"The charge type of instance. Valid values are `PREPAID` and `POSTPAID_BY_HOUR`. Default value is `POSTPAID_BY_HOUR`. Note: TencentCloud International only supports `POSTPAID_BY_HOUR`. Caution that update operation on this field will delete old instances and create new one with new charge type.","description_kind":"plain","optional":true},"create_time":{"type":"string","description":"Creation time of the Mongodb instance.","description_kind":"plain","computed":true},"engine_version":{"type":"string","description":"Version of the Mongodb, and available values include `MONGO_3_WT`, `MONGO_3_ROCKS`, `MONGO_36_WT` and `MONGO_40_WT`.","description_kind":"plain","required":true},"id":{"type":"string","description_kind":"plain","optional":true,"computed":true},"instance_name":{"type":"string","description":"Name of the Mongodb instance.","description_kind":"plain","required":true},"machine_type":{"type":"string","description":"Type of Mongodb instance, and available values include `HIO`(or `GIO` which will be deprecated) and `HIO10G`(or `TGIO` which will be deprecated).","description_kind":"plain","required":true},"memory":{"type":"number","description":"Memory size. The minimum value is 2, and unit is GB. Memory and volume must be upgraded or degraded simultaneously.","description_kind":"plain","required":true},"password":{"type":"string","description":"Password of this Mongodb account.","description_kind":"plain","required":true,"sensitive":true},"prepaid_period":{"type":"number","description":"The tenancy (time unit is month) of the prepaid instance. Valid values are 1, 2, 3, 4, 5, 6, 7, 8, 9, 10, 11, 12, 24, 36. NOTE: it only works when charge_type is set to `PREPAID`.","description_kind":"plain","optional":true},"project_id":{"type":"number","description":"ID of the project which the instance belongs.","description_kind":"plain","optional":true},"security_groups":{"type":["set","string"],"description":"ID of the security group. NOTE: for instance which `engine_version` is `MONGO_40_WT`, `security_groups` is not supported.","description_kind":"plain","optional":true},"standby_instance_list":{"type":["list",["object",{"standby_instance_id":"string","standby_instance_region":"string"}]],"description":"List of standby instances' info.","description_kind":"plain","computed":true},"status":{"type":"number","description":"Status of the Mongodb instance, and available values include pending initialization(expressed with 0),  processing(expressed with 1), running(expressed with 2) and expired(expressed with -2).","description_kind":"plain","computed":true},"subnet_id":{"type":"string","description":"ID of the subnet within this VPC. The value is required if `vpc_id` is set.","description_kind":"plain","optional":true},"tags":{"type":["map","string"],"description":"The tags of the Mongodb. Key name `project` is system reserved and can't be used.","description_kind":"plain","optional":true},"vip":{"type":"string","description":"IP of the Mongodb instance.","description_kind":"plain","computed":true},"volume":{"type":"number","description":"Disk size. The minimum value is 25, and unit is GB. Memory and volume must be upgraded or degraded simultaneously.","description_kind":"plain","required":true},"vpc_id":{"type":"string","description":"ID of the VPC.","description_kind":"plain","optional":true},"vport":{"type":"number","description":"IP port of the Mongodb instance.","description_kind":"plain","computed":true}},"description_kind":"plain"}},"tencentcloud_mongodb_sharding_instance":{"version":0,"block":{"attributes":{"auto_renew_flag":{"type":"number","description":"Auto renew flag. Valid values are `0`(NOTIFY_AND_MANUAL_RENEW), `1`(NOTIFY_AND_AUTO_RENEW) and `2`(DISABLE_NOTIFY_AND_MANUAL_RENEW). Default value is `0`. Note: only works for PREPAID instance. Only supports`0` and `1` for creation.","description_kind":"plain","optional":true},"available_zone":{"type":"string","description":"The available zone of the Mongodb.","description_kind":"plain","required":true},"charge_type":{"type":"string","description":"The charge type of instance. Valid values are `PREPAID` and `POSTPAID_BY_HOUR`. Default value is `POSTPAID_BY_HOUR`. Note: TencentCloud International only supports `POSTPAID_BY_HOUR`. Caution that update operation on this field will delete old instances and create new one with new charge type.","description_kind":"plain","optional":true},"create_time":{"type":"string","description":"Creation time of the Mongodb instance.","description_kind":"plain","computed":true},"engine_version":{"type":"string","description":"Version of the Mongodb, and available values include `MONGO_3_WT`, `MONGO_3_ROCKS`, `MONGO_36_WT` and `MONGO_40_WT`.","description_kind":"plain","required":true},"id":{"type":"string","description_kind":"plain","optional":true,"computed":true},"instance_name":{"type":"string","description":"Name of the Mongodb instance.","description_kind":"plain","required":true},"machine_type":{"type":"string","description":"Type of Mongodb instance, and available values include `HIO`(or `GIO` which will be deprecated) and `HIO10G`(or `TGIO` which will be deprecated).","description_kind":"plain","required":true},"memory":{"type":"number","description":"Memory size. The minimum value is 2, and unit is GB. Memory and volume must be upgraded or degraded simultaneously.","description_kind":"plain","required":true},"nodes_per_shard":{"type":"number","description":"Number of nodes per shard, at least 3(one master and two slaves).","description_kind":"plain","required":true},"password":{"type":"string","description":"Password of this Mongodb account.","description_kind":"plain","required":true,"sensitive":true},"prepaid_period":{"type":"number","description":"The tenancy (time unit is month) of the prepaid instance. Valid values are 1, 2, 3, 4, 5, 6, 7, 8, 9, 10, 11, 12, 24, 36. NOTE: it only works when charge_type is set to `PREPAID`.","description_kind":"plain","optional":true},"project_id":{"type":"number","description":"ID of the project which the instance belongs.","description_kind":"plain","optional":true},"security_groups":{"type":["set","string"],"description":"ID of the security group. NOTE: for instance which `engine_version` is `MONGO_40_WT`, `security_groups` is not supported.","description_kind":"plain","optional":true},"shard_quantity":{"type":"number","description":"Number of sharding.","description_kind":"plain","required":true},"status":{"type":"number","description":"Status of the Mongodb instance, and available values include pending initialization(expressed with 0),  processing(expressed with 1), running(expressed with 2) and expired(expressed with -2).","description_kind":"plain","computed":true},"subnet_id":{"type":"string","description":"ID of the subnet within this VPC. The value is required if `vpc_id` is set.","description_kind":"plain","optional":true},"tags":{"type":["map","string"],"description":"The tags of the Mongodb. Key name `project` is system reserved and can't be used.","description_kind":"plain","optional":true},"vip":{"type":"string","description":"IP of the Mongodb instance.","description_kind":"plain","computed":true},"volume":{"type":"number","description":"Disk size. The minimum value is 25, and unit is GB. Memory and volume must be upgraded or degraded simultaneously.","description_kind":"plain","required":true},"vpc_id":{"type":"string","description":"ID of the VPC.","description_kind":"plain","optional":true},"vport":{"type":"number","description":"IP port of the Mongodb instance.","description_kind":"plain","computed":true}},"description_kind":"plain"}},"tencentcloud_mongodb_standby_instance":{"version":0,"block":{"attributes":{"auto_renew_flag":{"type":"number","description":"Auto renew flag. Valid values are `0`(NOTIFY_AND_MANUAL_RENEW), `1`(NOTIFY_AND_AUTO_RENEW) and `2`(DISABLE_NOTIFY_AND_MANUAL_RENEW). Default value is `0`. Note: only works for PREPAID instance. Only supports`0` and `1` for creation.","description_kind":"plain","optional":true},"available_zone":{"type":"string","description":"The available zone of the Mongodb standby instance. NOTE: must not same with father instance's.","description_kind":"plain","required":true},"charge_type":{"type":"string","description":"The charge type of instance. Valid values are `PREPAID` and `POSTPAID_BY_HOUR`. Default value is `POSTPAID_BY_HOUR`. Note: TencentCloud International only supports `POSTPAID_BY_HOUR`. Caution that update operation on this field will delete old instances and create new one with new charge type.","description_kind":"plain","optional":true},"create_time":{"type":"string","description":"Creation time of the Mongodb instance.","description_kind":"plain","computed":true},"engine_version":{"type":"string","description":"Version of the Mongodb and must be same as the master's.","description_kind":"plain","computed":true},"father_instance_id":{"type":"string","description":"Indicates the master instance ID of standby instances.","description_kind":"plain","required":true},"father_instance_region":{"type":"string","description":"Indicates the region of father instance.","description_kind":"plain","required":true},"id":{"type":"string","description_kind":"plain","optional":true,"computed":true},"instance_name":{"type":"string","description":"Name of the Mongodb instance.","description_kind":"plain","required":true},"machine_type":{"type":"string","description":"Type of Mongodb instance and must be same as the master's.","description_kind":"plain","computed":true},"memory":{"type":"number","description":"Memory size. The minimum value is 2, and unit is GB. Memory and volume must be upgraded or degraded simultaneously.","description_kind":"plain","required":true},"prepaid_period":{"type":"number","description":"The tenancy (time unit is month) of the prepaid instance. Valid values are 1, 2, 3, 4, 5, 6, 7, 8, 9, 10, 11, 12, 24, 36. NOTE: it only works when charge_type is set to `PREPAID`.","description_kind":"plain","optional":true},"project_id":{"type":"number","description":"ID of the project which the instance belongs.","description_kind":"plain","optional":true},"security_groups":{"type":["set","string"],"description":"ID of the security group. NOTE: for instance which `engine_version` is `MONGO_40_WT`, `security_groups` is not supported.","description_kind":"plain","optional":true},"status":{"type":"number","description":"Status of the Mongodb instance, and available values include pending initialization(expressed with 0),  processing(expressed with 1), running(expressed with 2) and expired(expressed with -2).","description_kind":"plain","computed":true},"subnet_id":{"type":"string","description":"ID of the subnet within this VPC. The value is required if `vpc_id` is set.","description_kind":"plain","optional":true},"tags":{"type":["map","string"],"description":"The tags of the Mongodb. Key name `project` is system reserved and can't be used.","description_kind":"plain","optional":true},"vip":{"type":"string","description":"IP of the Mongodb instance.","description_kind":"plain","computed":true},"volume":{"type":"number","description":"Disk size. The minimum value is 25, and unit is GB. Memory and volume must be upgraded or degraded simultaneously.","description_kind":"plain","required":true},"vpc_id":{"type":"string","description":"ID of the VPC.","description_kind":"plain","optional":true},"vport":{"type":"number","description":"IP port of the Mongodb instance.","description_kind":"plain","computed":true}},"description_kind":"plain"}},"tencentcloud_monitor_binding_object":{"version":0,"block":{"attributes":{"group_id":{"type":"number","description":"Policy group id for binding objects.","description_kind":"plain","required":true},"id":{"type":"string","description_kind":"plain","optional":true,"computed":true}},"block_types":{"dimensions":{"nesting_mode":"set","block":{"attributes":{"dimensions_json":{"type":"string","description":"Represents a collection of dimensions of an object instance, json format.eg:'{\"unInstanceId\":\"ins-ot3cq4bi\"}'.","description_kind":"plain","required":true},"unique_id":{"type":"string","description":"Object unique id.","description_kind":"plain","computed":true}},"description":"A list objects. Each element contains the following attributes:","description_kind":"plain"},"min_items":1}},"description_kind":"plain"}},"tencentcloud_monitor_binding_receiver":{"version":0,"block":{"attributes":{"group_id":{"type":"number","description":"Policy group id for binding receivers.","description_kind":"plain","required":true},"id":{"type":"string","description_kind":"plain","optional":true,"computed":true}},"block_types":{"receivers":{"nesting_mode":"list","block":{"attributes":{"end_time":{"type":"number","description":"End of alarm period. Meaning with `start_time`.","description_kind":"plain","optional":true},"notify_way":{"type":["list","string"],"description":"Method of warning notification.Optional `CALL`,`EMAIL`,`SITE`,`SMS`,`WECHAT`.","description_kind":"plain","required":true},"receive_language":{"type":"string","description":"Alert sending language. Optional `en-US`,`zh-CN`.","description_kind":"plain","optional":true},"receiver_group_list":{"type":["list","number"],"description":"Alarm receive group id list.","description_kind":"plain","optional":true},"receiver_type":{"type":"string","description":"Receive type. Optional `group`,`user`.","description_kind":"plain","required":true},"receiver_user_list":{"type":["list","number"],"description":"Alarm receiver id list.","description_kind":"plain","optional":true},"start_time":{"type":"number","description":"Alarm period start time.Range [0,86399], which removes the date after it is converted to Beijing time as a Unix timestamp, for example 7200 means '10:0:0'.","description_kind":"plain","optional":true}},"description":"A list of receivers(will overwrite the configuration of the server or other resources). Each element contains the following attributes:","description_kind":"plain"},"max_items":1}},"description_kind":"plain"}},"tencentcloud_monitor_policy_group":{"version":0,"block":{"attributes":{"binding_objects":{"type":["list",["object",{"dimensions_json":"string","is_shielded":"number","region":"string","unique_id":"string"}]],"description":"A list binding objects(list only those in the `provider.region`). Each element contains the following attributes:","description_kind":"plain","computed":true},"dimension_group":{"type":["list","string"],"description":"A list of dimensions for this policy group.","description_kind":"plain","computed":true},"group_name":{"type":"string","description":"Policy group name, length should between 1 and 20.","description_kind":"plain","required":true},"id":{"type":"string","description_kind":"plain","optional":true,"computed":true},"is_union_rule":{"type":"number","description":"The and or relation of indicator alarm rule, 0 represents or rule (if any rule is met, the alarm will be raised), 1 represents and rule (if all rules are met, the alarm will be raised).The default is 0.","description_kind":"plain","optional":true},"last_edit_uin":{"type":"string","description":"Recently edited user uin.","description_kind":"plain","computed":true},"policy_view_name":{"type":"string","description":"Policy view name, eg:`cvm_device`,`BANDWIDTHPACKAGE`, refer to `data.tencentcloud_monitor_policy_conditions(policy_view_name)`.","description_kind":"plain","required":true},"project_id":{"type":"number","description":"The project id to which the policy group belongs, default is 0.","description_kind":"plain","optional":true},"receivers":{"type":["list",["object",{"end_time":"number","need_send_notice":"number","notify_way":["list","string"],"person_interval":"number","receive_language":"string","receiver_group_list":["list","number"],"receiver_type":"string","receiver_user_list":["list","number"],"recover_notify":["list","string"],"round_interval":"number","round_number":"number","send_for":["list","string"],"start_time":"number","uid_list":["list","number"]}]],"description":"A list of receivers. Each element contains the following attributes:","description_kind":"plain","computed":true},"remark":{"type":"string","description":"Policy group's remark information.","description_kind":"plain","required":true},"support_regions":{"type":["list","string"],"description":"Support regions this policy group.","description_kind":"plain","computed":true},"update_time":{"type":"string","description":"The policy group update time.","description_kind":"plain","computed":true}},"block_types":{"conditions":{"nesting_mode":"list","block":{"attributes":{"alarm_notify_period":{"type":"number","description":"Alarm sending cycle per second. \u003c0 does not fire, 0 only fires once, and \u003e0 fires every triggerTime second.","description_kind":"plain","required":true},"alarm_notify_type":{"type":"number","description":"Alarm sending convergence type. 0 continuous alarm, 1 index alarm.","description_kind":"plain","required":true},"calc_period":{"type":"number","description":"Data aggregation cycle (unit of second), if the metric has a default value can not be filled, refer to `data.tencentcloud_monitor_policy_conditions(period_keys)`.","description_kind":"plain","optional":true,"computed":true},"calc_type":{"type":"number","description":"Compare type, 1 means more than, 2  means greater than or equal, 3 means less than, 4 means less than or equal to, 5 means equal, 6 means not equal, 7 means days rose, 8 means days fell, 9 means weeks rose, 10  means weeks fell, 11 means period rise, 12 means period fell, refer to `data.tencentcloud_monitor_policy_conditions(calc_type_keys)`.","description_kind":"plain","optional":true,"computed":true},"calc_value":{"type":"number","description":"Threshold value, refer to `data.tencentcloud_monitor_policy_conditions(calc_value_*)`.","description_kind":"plain","optional":true,"computed":true},"continue_period":{"type":"number","description":"The rule triggers an alert that lasts for several detection cycles, refer to `data.tencentcloud_monitor_policy_conditions(period_num_keys)`.","description_kind":"plain","optional":true,"computed":true},"metric_id":{"type":"number","description":"Id of the metric, refer to `data.tencentcloud_monitor_policy_conditions(metric_id)`.","description_kind":"plain","required":true}},"description":"A list of threshold rules. Each element contains the following attributes:","description_kind":"plain"}},"event_conditions":{"nesting_mode":"list","block":{"attributes":{"alarm_notify_period":{"type":"number","description":"Alarm sending cycle per second.\u003c0 does not fire, 0 only fires once, and \u003e0 fires every triggerTime second.","description_kind":"plain","required":true},"alarm_notify_type":{"type":"number","description":"Alarm sending convergence type. 0 continuous alarm, 1 index alarm.","description_kind":"plain","required":true},"event_id":{"type":"number","description":"The id of this event metric, refer to `data.tencentcloud_monitor_policy_conditions(event_id).","description_kind":"plain","required":true}},"description":"A list of event rules. Each element contains the following attributes:","description_kind":"plain"}}},"description_kind":"plain"}},"tencentcloud_mysql_account":{"version":0,"block":{"attributes":{"description":{"type":"string","description":"Database description.","description_kind":"plain","optional":true},"host":{"type":"string","description":"Account host, default is `%`.","description_kind":"plain","optional":true},"id":{"type":"string","description_kind":"plain","optional":true,"computed":true},"mysql_id":{"type":"string","description":"Instance ID to which the account belongs.","description_kind":"plain","required":true},"name":{"type":"string","description":"Account name.","description_kind":"plain","required":true},"password":{"type":"string","description":"Operation password.","description_kind":"plain","required":true,"sensitive":true}},"description_kind":"plain"}},"tencentcloud_mysql_account_privilege":{"version":0,"block":{"attributes":{"account_host":{"type":"string","description":"Account host, default is `%`.","description_kind":"plain","optional":true},"account_name":{"type":"string","description":"Account name.","description_kind":"plain","required":true},"database_names":{"type":["set","string"],"description":"List of specified database name.","description_kind":"plain","required":true},"id":{"type":"string","description_kind":"plain","optional":true,"computed":true},"mysql_id":{"type":"string","description":"Instance ID.","description_kind":"plain","required":true},"privileges":{"type":["set","string"],"description":"Database permissions. Available values for Privileges: \"SELECT\", \"INSERT\", \"UPDATE\", \"DELETE\", \"CREATE\", \"DROP\", \"REFERENCES\", \"INDEX\", \"ALTER\", \"CREATE TEMPORARY TABLES\", \"LOCK TABLES\",\"EXECUTE\", \"CREATE VIEW\", \"SHOW VIEW\", \"CREATE ROUTINE\", \"ALTER ROUTINE\", \"EVENT\", and \"TRIGGER\".","description_kind":"plain","optional":true}},"description_kind":"plain","deprecated":true}},"tencentcloud_mysql_backup_policy":{"version":0,"block":{"attributes":{"backup_model":{"type":"string","description":"Backup method. Supported values include: 'physical' - physical backup.","description_kind":"plain","optional":true},"backup_time":{"type":"string","description":"Instance backup time, in the format of \"HH:mm-HH:mm\". Time setting interval is four hours. Default to \"02:00-06:00\". The following value can be supported: 02:00-06:00, 06:00-10:00, 10:00-14:00, 14:00-18:00, 18:00-22:00, and 22:00-02:00.","description_kind":"plain","optional":true},"binlog_period":{"type":"number","description":"Retention period for binlog in days.","description_kind":"plain","computed":true},"id":{"type":"string","description_kind":"plain","optional":true,"computed":true},"mysql_id":{"type":"string","description":"Instance ID to which policies will be applied.","description_kind":"plain","required":true},"retention_period":{"type":"number","description":"Instance backup retention days. Valid values: [7-730]. And default value is 7.","description_kind":"plain","optional":true}},"description_kind":"plain"}},"tencentcloud_mysql_instance":{"version":0,"block":{"attributes":{"auto_renew_flag":{"type":"number","description":"Auto renew flag. NOTES: Only supported prepaid instance.","description_kind":"plain","optional":true},"availability_zone":{"type":"string","description":"Indicates which availability zone will be used.","description_kind":"plain","optional":true,"computed":true},"charge_type":{"type":"string","description":"Pay type of instance, valid values are `PREPAID`, `POSTPAID`. Default is `POSTPAID`.","description_kind":"plain","optional":true},"engine_version":{"type":"string","description":"The version number of the database engine to use. Supported versions include 5.5/5.6/5.7, and default is 5.7.","description_kind":"plain","optional":true},"first_slave_zone":{"type":"string","description":"Zone information about first slave instance.","description_kind":"plain","optional":true},"force_delete":{"type":"bool","description":"Indicate whether to delete instance directly or not. Default is false. If set true, the instance will be deleted instead of staying recycle bin. Note: only works for `PREPAID` instance. When the main mysql instance set true, this para of the readonly mysql instance will not take effect.","description_kind":"plain","optional":true},"gtid":{"type":"number","description":"Indicates whether GTID is enable. 0 - Not enabled; 1 - Enabled.","description_kind":"plain","computed":true},"id":{"type":"string","description_kind":"plain","optional":true,"computed":true},"instance_name":{"type":"string","description":"The name of a mysql instance.","description_kind":"plain","required":true},"internet_host":{"type":"string","description":"host for public access.","description_kind":"plain","computed":true},"internet_port":{"type":"number","description":"Access port for public access.","description_kind":"plain","computed":true},"internet_service":{"type":"number","description":"Indicates whether to enable the access to an instance from public network: 0 - No, 1 - Yes.","description_kind":"plain","optional":true},"intranet_ip":{"type":"string","description":"instance intranet IP.","description_kind":"plain","computed":true},"intranet_port":{"type":"number","description":"Public access port, rang form 1024 to 65535 and default value is 3306.","description_kind":"plain","optional":true},"locked":{"type":"number","description":"Indicates whether the instance is locked. 0 - No; 1 - Yes.","description_kind":"plain","computed":true},"mem_size":{"type":"number","description":"Memory size (in MB).","description_kind":"plain","required":true},"parameters":{"type":["map","string"],"description":"List of parameters to use.","description_kind":"plain","optional":true},"pay_type":{"type":"number","description":"Pay type of instance, 0: prepaid, 1: postpaid.","description_kind":"plain","deprecated":true,"optional":true},"period":{"type":"number","description":"Period of instance. NOTES: Only supported prepaid instance.","description_kind":"plain","deprecated":true,"optional":true},"prepaid_period":{"type":"number","description":"Period of instance. NOTES: Only supported prepaid instance.","description_kind":"plain","optional":true},"project_id":{"type":"number","description":"Project ID, default value is 0.","description_kind":"plain","optional":true},"root_password":{"type":"string","description":"Password of root account. This parameter can be specified when you purchase master instances, but it should be ignored when you purchase read-only instances or disaster recovery instances.","description_kind":"plain","required":true,"sensitive":true},"second_slave_zone":{"type":"string","description":"Zone information about second slave instance.","description_kind":"plain","optional":true},"security_groups":{"type":["set","string"],"description":"Security groups to use.","description_kind":"plain","optional":true},"slave_deploy_mode":{"type":"number","description":"Availability zone deployment method. Available values: 0 - Single availability zone; 1 - Multiple availability zones.","description_kind":"plain","optional":true},"slave_sync_mode":{"type":"number","description":"Data replication mode. 0 - Async replication; 1 - Semisync replication; 2 - Strongsync replication.","description_kind":"plain","optional":true},"status":{"type":"number","description":"Instance status. Available values: 0 - Creating; 1 - Running; 4 - Isolating; 5 - Isolated.","description_kind":"plain","computed":true},"subnet_id":{"type":"string","description":"Private network ID. If vpc_id is set, this value is required.","description_kind":"plain","optional":true},"tags":{"type":["map","string"],"description":"Instance tags.","description_kind":"plain","optional":true},"task_status":{"type":"number","description":"Indicates which kind of operations is being executed.","description_kind":"plain","computed":true},"volume_size":{"type":"number","description":"Disk size (in GB).","description_kind":"plain","required":true},"vpc_id":{"type":"string","description":"ID of VPC, which can be modified once every 24 hours and can't be removed.","description_kind":"plain","optional":true}},"description_kind":"plain"}},"tencentcloud_mysql_privilege":{"version":0,"block":{"attributes":{"account_host":{"type":"string","description":"Account host, default is `%`.","description_kind":"plain","optional":true},"account_name":{"type":"string","description":"Account name.the forbidden value is:root,mysql.sys,tencentroot.","description_kind":"plain","required":true},"global":{"type":["set","string"],"description":"Global privileges. available values for Privileges:SELECT,INSERT,UPDATE,DELETE,CREATE,PROCESS,DROP,REFERENCES,INDEX,ALTER,SHOW DATABASES,CREATE TEMPORARY TABLES,LOCK TABLES,EXECUTE,CREATE VIEW,SHOW VIEW,CREATE ROUTINE,ALTER ROUTINE,EVENT,TRIGGER.","description_kind":"plain","required":true},"id":{"type":"string","description_kind":"plain","optional":true,"computed":true},"mysql_id":{"type":"string","description":"Instance ID.","description_kind":"plain","required":true}},"block_types":{"column":{"nesting_mode":"set","block":{"attributes":{"column_name":{"type":"string","description":"Column name.","description_kind":"plain","required":true},"database_name":{"type":"string","description":"Database name.","description_kind":"plain","required":true},"privileges":{"type":["set","string"],"description":"Column privilege.available values for Privileges:SELECT,INSERT,UPDATE,REFERENCES.","description_kind":"plain","required":true},"table_name":{"type":"string","description":"Table name.","description_kind":"plain","required":true}},"description":"Column privileges list.","description_kind":"plain"}},"database":{"nesting_mode":"set","block":{"attributes":{"database_name":{"type":"string","description":"Database name.","description_kind":"plain","required":true},"privileges":{"type":["set","string"],"description":"Database privilege.available values for Privileges:SELECT,INSERT,UPDATE,DELETE,CREATE,DROP,REFERENCES,INDEX,ALTER,CREATE TEMPORARY TABLES,LOCK TABLES,EXECUTE,CREATE VIEW,SHOW VIEW,CREATE ROUTINE,ALTER ROUTINE,EVENT,TRIGGER.","description_kind":"plain","required":true}},"description":"Database privileges list.","description_kind":"plain"}},"table":{"nesting_mode":"set","block":{"attributes":{"database_name":{"type":"string","description":"Database name.","description_kind":"plain","required":true},"privileges":{"type":["set","string"],"description":"Table privilege.available values for Privileges:SELECT,INSERT,UPDATE,DELETE,CREATE,DROP,REFERENCES,INDEX,ALTER,CREATE VIEW,SHOW VIEW,TRIGGER.","description_kind":"plain","required":true},"table_name":{"type":"string","description":"Table name.","description_kind":"plain","required":true}},"description":"Table privileges list.","description_kind":"plain"}}},"description_kind":"plain"}},"tencentcloud_mysql_readonly_instance":{"version":0,"block":{"attributes":{"auto_renew_flag":{"type":"number","description":"Auto renew flag. NOTES: Only supported prepaid instance.","description_kind":"plain","optional":true},"charge_type":{"type":"string","description":"Pay type of instance, valid values are `PREPAID`, `POSTPAID`. Default is `POSTPAID`.","description_kind":"plain","optional":true},"force_delete":{"type":"bool","description":"Indicate whether to delete instance directly or not. Default is false. If set true, the instance will be deleted instead of staying recycle bin. Note: only works for `PREPAID` instance. When the main mysql instance set true, this para of the readonly mysql instance will not take effect.","description_kind":"plain","optional":true},"id":{"type":"string","description_kind":"plain","optional":true,"computed":true},"instance_name":{"type":"string","description":"The name of a mysql instance.","description_kind":"plain","required":true},"intranet_ip":{"type":"string","description":"instance intranet IP.","description_kind":"plain","computed":true},"intranet_port":{"type":"number","description":"Public access port, rang form 1024 to 65535 and default value is 3306.","description_kind":"plain","optional":true},"locked":{"type":"number","description":"Indicates whether the instance is locked. 0 - No; 1 - Yes.","description_kind":"plain","computed":true},"master_instance_id":{"type":"string","description":"Indicates the master instance ID of recovery instances.","description_kind":"plain","required":true},"mem_size":{"type":"number","description":"Memory size (in MB).","description_kind":"plain","required":true},"pay_type":{"type":"number","description":"Pay type of instance, 0: prepaid, 1: postpaid.","description_kind":"plain","deprecated":true,"optional":true},"period":{"type":"number","description":"Period of instance. NOTES: Only supported prepaid instance.","description_kind":"plain","deprecated":true,"optional":true},"prepaid_period":{"type":"number","description":"Period of instance. NOTES: Only supported prepaid instance.","description_kind":"plain","optional":true},"security_groups":{"type":["set","string"],"description":"Security groups to use.","description_kind":"plain","optional":true},"status":{"type":"number","description":"Instance status. Available values: 0 - Creating; 1 - Running; 4 - Isolating; 5 - Isolated.","description_kind":"plain","computed":true},"subnet_id":{"type":"string","description":"Private network ID. If vpc_id is set, this value is required.","description_kind":"plain","optional":true},"tags":{"type":["map","string"],"description":"Instance tags.","description_kind":"plain","optional":true},"task_status":{"type":"number","description":"Indicates which kind of operations is being executed.","description_kind":"plain","computed":true},"volume_size":{"type":"number","description":"Disk size (in GB).","description_kind":"plain","required":true},"vpc_id":{"type":"string","description":"ID of VPC, which can be modified once every 24 hours and can't be removed.","description_kind":"plain","optional":true}},"description_kind":"plain"}},"tencentcloud_nat_gateway":{"version":0,"block":{"attributes":{"assigned_eip_set":{"type":["set","string"],"description":"EIP IP address set bound to the gateway. The value of at least 1 and at most 10.","description_kind":"plain","required":true},"bandwidth":{"type":"number","description":"The maximum public network output bandwidth of NAT gateway (unit: Mbps), the available values include: 20,50,100,200,500,1000,2000,5000. Default is 100.","description_kind":"plain","optional":true},"created_time":{"type":"string","description":"Create time of the NAT gateway.","description_kind":"plain","computed":true},"id":{"type":"string","description_kind":"plain","optional":true,"computed":true},"max_concurrent":{"type":"number","description":"The upper limit of concurrent connection of NAT gateway, the available values include: 1000000,3000000,10000000. Default is 1000000.","description_kind":"plain","optional":true},"name":{"type":"string","description":"Name of the NAT gateway.","description_kind":"plain","required":true},"vpc_id":{"type":"string","description":"ID of the vpc.","description_kind":"plain","required":true}},"description_kind":"plain"}},"tencentcloud_placement_group":{"version":0,"block":{"attributes":{"create_time":{"type":"string","description":"Creation time of the placement group.","description_kind":"plain","computed":true},"current_num":{"type":"number","description":"Number of hosts in the placement group.","description_kind":"plain","computed":true},"cvm_quota_total":{"type":"number","description":"Maximum number of hosts in the placement group.","description_kind":"plain","computed":true},"id":{"type":"string","description_kind":"plain","optional":true,"computed":true},"name":{"type":"string","description":"Name of the placement group, 1-60 characters in length.","description_kind":"plain","required":true},"type":{"type":"string","description":"Type of the placement group, the available values include `HOST`,`SW` and `RACK`.","description_kind":"plain","required":true}},"description_kind":"plain"}},"tencentcloud_postgresql_instance":{"version":0,"block":{"attributes":{"availability_zone":{"type":"string","description":"Availability zone.","description_kind":"plain","optional":true,"computed":true},"charge_type":{"type":"string","description":"Pay type of the postgresql instance. For now, only `POSTPAID_BY_HOUR` is valid.","description_kind":"plain","optional":true},"charset":{"type":"string","description":"Charset of the root account. Valid values are `UTF8`,`LATIN1`.","description_kind":"plain","optional":true},"create_time":{"type":"string","description":"Create time of the postgresql instance.","description_kind":"plain","computed":true},"engine_version":{"type":"string","description":"Version of the postgresql database engine. Allowed values are `9.3.5`, `9.5.4`, `10.4`.","description_kind":"plain","optional":true},"id":{"type":"string","description_kind":"plain","optional":true,"computed":true},"memory":{"type":"number","description":"Memory size(in GB). Allowed value must be larger than `memory` that data source `tencentcloud_postgresql_specinfos` provides.","description_kind":"plain","required":true},"name":{"type":"string","description":"Name of the postgresql instance.","description_kind":"plain","required":true},"private_access_ip":{"type":"string","description":"IP for private access.","description_kind":"plain","computed":true},"private_access_port":{"type":"number","description":"Port for private access.","description_kind":"plain","computed":true},"project_id":{"type":"number","description":"Project id, default value is 0.","description_kind":"plain","optional":true},"public_access_host":{"type":"string","description":"Host for public access.","description_kind":"plain","computed":true},"public_access_port":{"type":"number","description":"Port for public access.","description_kind":"plain","computed":true},"public_access_switch":{"type":"bool","description":"Indicates whether to enable the access to an instance from public network or not.","description_kind":"plain","optional":true},"root_password":{"type":"string","description":"Password of root account. This parameter can be specified when you purchase master instances, but it should be ignored when you purchase read-only instances or disaster recovery instances.","description_kind":"plain","required":true,"sensitive":true},"storage":{"type":"number","description":"Volume size(in GB). Allowed value must be a multiple of 10. The storage must be set with the limit of `storage_min` and `storage_max` which data source `tencentcloud_postgresql_specinfos` provides.","description_kind":"plain","required":true},"subnet_id":{"type":"string","description":"ID of subnet.","description_kind":"plain","optional":true},"vpc_id":{"type":"string","description":"ID of VPC.","description_kind":"plain","optional":true}},"description_kind":"plain"}},"tencentcloud_redis_backup_config":{"version":0,"block":{"attributes":{"backup_period":{"type":["set","string"],"description":"Specifys which day the backup action should take place. Supported values include: Monday, Tuesday, Wednesday, Thursday, Friday, Saturday and Sunday.","description_kind":"plain","required":true},"backup_time":{"type":"string","description":"Specifys what time the backup action should take place.","description_kind":"plain","required":true},"id":{"type":"string","description_kind":"plain","optional":true,"computed":true},"redis_id":{"type":"string","description":"ID of a Redis instance to which the policy will be applied.","description_kind":"plain","required":true}},"description_kind":"plain"}},"tencentcloud_redis_instance":{"version":0,"block":{"attributes":{"availability_zone":{"type":"string","description":"The available zone ID of an instance to be created, please refer to tencentcloud_redis_zone_config.list.","description_kind":"plain","required":true},"charge_type":{"type":"string","description":"The charge type of instance. Valid values are `PREPAID` and `POSTPAID`. Default value is `POSTPAID`. Note: TencentCloud International only supports `POSTPAID`. Caution that update operation on this field will delete old instances and create new with new charge type.","description_kind":"plain","optional":true},"create_time":{"type":"string","description":"The time when the instance was created.","description_kind":"plain","computed":true},"force_delete":{"type":"bool","description":"Indicate whether to delete Redis instance directly or not. Default is false. If set true, the instance will be deleted instead of staying recycle bin. Note: only works for PREPAID instance.","description_kind":"plain","optional":true},"id":{"type":"string","description_kind":"plain","optional":true,"computed":true},"ip":{"type":"string","description":"IP address of an instance.","description_kind":"plain","computed":true},"mem_size":{"type":"number","description":"The memory volume of an available instance(in MB), please refer to tencentcloud_redis_zone_config.list[zone].mem_sizes.","description_kind":"plain","required":true},"name":{"type":"string","description":"Instance name.","description_kind":"plain","optional":true,"computed":true},"password":{"type":"string","description":"Password for a Redis user, which should be 8 to 16 characters.","description_kind":"plain","required":true,"sensitive":true},"port":{"type":"number","description":"The port used to access a redis instance. The default value is 6379. And this value can't be changed after creation, or the Redis instance will be recreated.","description_kind":"plain","optional":true},"prepaid_period":{"type":"number","description":"The tenancy (time unit is month) of the prepaid instance, NOTE: it only works when charge_type is set to `PREPAID`. Valid values are 1, 2, 3, 4, 5, 6, 7, 8, 9, 10, 11, 12, 24, 36.","description_kind":"plain","optional":true},"project_id":{"type":"number","description":"Specifies which project the instance should belong to.","description_kind":"plain","optional":true},"redis_replicas_num":{"type":"number","description":"The number of instance copies. This is not required for standalone and master slave versions.","description_kind":"plain","optional":true},"redis_shard_num":{"type":"number","description":"The number of instance shard. This is not required for standalone and master slave versions.","description_kind":"plain","optional":true},"security_groups":{"type":["set","string"],"description":"ID of security group. If both vpc_id and subnet_id are not set, this argument should not be set either.","description_kind":"plain","optional":true},"status":{"type":"string","description":"Current status of an instance, maybe: init, processing, online, isolate and todelete.","description_kind":"plain","computed":true},"subnet_id":{"type":"string","description":"Specifies which subnet the instance should belong to.","description_kind":"plain","optional":true,"computed":true},"tags":{"type":["map","string"],"description":"Instance tags.","description_kind":"plain","optional":true},"type":{"type":"string","description":"Instance type. Available values: `cluster_ckv`,`cluster_redis5.0`,`cluster_redis`,`master_slave_ckv`,`master_slave_redis5.0`,`master_slave_redis`,`standalone_redis`, specific region support specific types, need to refer data `tencentcloud_redis_zone_config`.","description_kind":"plain","deprecated":true,"optional":true},"type_id":{"type":"number","description":"Instance type. Refer to `data.tencentcloud_redis_zone_config.list.type_id` get available values.","description_kind":"plain","optional":true},"vpc_id":{"type":"string","description":"ID of the vpc with which the instance is to be associated.","description_kind":"plain","optional":true,"computed":true}},"description_kind":"plain"}},"tencentcloud_reserved_instance":{"version":0,"block":{"attributes":{"config_id":{"type":"string","description":"Configuration id of the reserved instance.","description_kind":"plain","required":true},"end_time":{"type":"string","description":"Expiry time of the RI.","description_kind":"plain","computed":true},"id":{"type":"string","description_kind":"plain","optional":true,"computed":true},"instance_count":{"type":"number","description":"Number of reserved instances to be purchased.","description_kind":"plain","required":true},"start_time":{"type":"string","description":"Start time of the RI.","description_kind":"plain","computed":true},"status":{"type":"string","description":"Status of the RI at the time of purchase.","description_kind":"plain","computed":true}},"description_kind":"plain"}},"tencentcloud_route_entry":{"version":0,"block":{"attributes":{"cidr_block":{"type":"string","description":"The RouteEntry's target network segment.","description_kind":"plain","required":true},"id":{"type":"string","description_kind":"plain","optional":true,"computed":true},"next_hub":{"type":"string","description":"The route entry's next hub. CVM instance ID or VPC router interface ID.","description_kind":"plain","required":true},"next_type":{"type":"string","description":"The next hop type. Available value is `public_gateway`,`vpn_gateway`,`sslvpn_gateway`,`dc_gateway`,`peering_connection`,`nat_gateway` and `instance`. `instance` points to CVM Instance.","description_kind":"plain","required":true},"route_table_id":{"type":"string","description":"The ID of the route table.","description_kind":"plain","required":true},"vpc_id":{"type":"string","description":"The VPC ID.","description_kind":"plain","required":true}},"description_kind":"plain","deprecated":true}},"tencentcloud_route_table":{"version":0,"block":{"attributes":{"create_time":{"type":"string","description":"Creation time of the routing table.","description_kind":"plain","computed":true},"id":{"type":"string","description_kind":"plain","optional":true,"computed":true},"is_default":{"type":"bool","description":"Indicates whether it is the default routing table.","description_kind":"plain","computed":true},"name":{"type":"string","description":"The name of routing table.","description_kind":"plain","required":true},"route_entry_ids":{"type":["list","string"],"description":"ID list of the routing entries.","description_kind":"plain","computed":true},"subnet_ids":{"type":["list","string"],"description":"ID list of the subnets associated with this route table.","description_kind":"plain","computed":true},"tags":{"type":["map","string"],"description":"The tags of routing table.","description_kind":"plain","optional":true},"vpc_id":{"type":"string","description":"ID of VPC to which the route table should be associated.","description_kind":"plain","required":true}},"description_kind":"plain"}},"tencentcloud_route_table_entry":{"version":0,"block":{"attributes":{"description":{"type":"string","description":"Description of the routing table entry.","description_kind":"plain","optional":true},"destination_cidr_block":{"type":"string","description":"Destination address block.","description_kind":"plain","required":true},"id":{"type":"string","description_kind":"plain","optional":true,"computed":true},"next_hub":{"type":"string","description":"ID of next-hop gateway. Note: when 'next_type' is EIP, GatewayId should be '0'.","description_kind":"plain","required":true},"next_type":{"type":"string","description":"Type of next-hop, and available values include CVM, VPN, DIRECTCONNECT, PEERCONNECTION, SSLVPN, NAT, NORMAL_CVM, EIP and CCN.","description_kind":"plain","required":true},"route_table_id":{"type":"string","description":"ID of routing table to which this entry belongs.","description_kind":"plain","required":true}},"description_kind":"plain"}},"tencentcloud_scf_function":{"version":0,"block":{"attributes":{"cls_logset_id":{"type":"string","description":"cls logset id of the SCF function.","description_kind":"plain","optional":true},"cls_topic_id":{"type":"string","description":"cls topic id of the SCF function.","description_kind":"plain","optional":true},"code_error":{"type":"string","description":"SCF function code error message.","description_kind":"plain","computed":true},"code_result":{"type":"string","description":"SCF function code is correct.","description_kind":"plain","computed":true},"code_size":{"type":"number","description":"SCF function code size, unit is M.","description_kind":"plain","computed":true},"cos_bucket_name":{"type":"string","description":"Cos bucket name of the SCF function, such as `cos-1234567890`, conflict with `zip_file`.","description_kind":"plain","optional":true},"cos_bucket_region":{"type":"string","description":"Cos bucket region of the SCF function, conflict with `zip_file`.","description_kind":"plain","optional":true},"cos_object_name":{"type":"string","description":"Cos object name of the SCF function, should have suffix `.zip` or `.jar`, conflict with `zip_file`.","description_kind":"plain","optional":true},"description":{"type":"string","description":"Description of the SCF function. Description supports English letters, numbers, spaces, commas, newlines, periods and Chinese, the maximum length is 1000.","description_kind":"plain","optional":true},"eip_fixed":{"type":"bool","description":"Whether EIP is a fixed IP.","description_kind":"plain","computed":true},"eips":{"type":["list","string"],"description":"SCF function EIP list.","description_kind":"plain","computed":true},"environment":{"type":["map","string"],"description":"Environment of the SCF function.","description_kind":"plain","optional":true},"err_no":{"type":"number","description":"SCF function code error code.","description_kind":"plain","computed":true},"handler":{"type":"string","description":"Handler of the SCF function. The format of name is `\u003cfilename\u003e.\u003cmethod_name\u003e`, and it supports 26 English letters, numbers, connectors, and underscores, it should start with a letter. The last character cannot be `-` or `_`. Available length is 2-60.","description_kind":"plain","required":true},"host":{"type":"string","description":"SCF function domain name.","description_kind":"plain","computed":true},"id":{"type":"string","description_kind":"plain","optional":true,"computed":true},"install_dependency":{"type":"bool","description":"Whether to automatically install dependencies.","description_kind":"plain","computed":true},"l5_enable":{"type":"bool","description":"Enable L5 for SCF function, default is `false`.","description_kind":"plain","optional":true},"mem_size":{"type":"number","description":"Memory size of the SCF function, unit is MB. The default is `128`MB. The range is 128M-1536M, and the ladder is 128M.","description_kind":"plain","optional":true},"modify_time":{"type":"string","description":"SCF function last modified time.","description_kind":"plain","computed":true},"name":{"type":"string","description":"Name of the SCF function. Name supports 26 English letters, numbers, connectors, and underscores, it should start with a letter. The last character cannot be `-` or `_`. Available length is 2-60.","description_kind":"plain","required":true},"namespace":{"type":"string","description":"Namespace of the SCF function, default is `default`.","description_kind":"plain","optional":true},"role":{"type":"string","description":"Role of the SCF function.","description_kind":"plain","optional":true},"runtime":{"type":"string","description":"Runtime of the SCF function, only supports `Python2.7`, `Python3.6`, `Nodejs6.10`, `Nodejs8.9`, `Nodejs10.15`, `PHP5`, `PHP7`, `Golang1`, and `Java8`.","description_kind":"plain","required":true},"status":{"type":"string","description":"SCF function status.","description_kind":"plain","computed":true},"status_desc":{"type":"string","description":"SCF status description.","description_kind":"plain","computed":true},"subnet_id":{"type":"string","description":"Subnet id of the SCF function.","description_kind":"plain","optional":true},"tags":{"type":["map","string"],"description":"Tags of the SCF function.","description_kind":"plain","optional":true},"timeout":{"type":"number","description":"Timeout of the SCF function, unit is second. Default `3`. Available value is 1-900.","description_kind":"plain","optional":true},"trigger_info":{"type":["list",["object",{"create_time":"string","custom_argument":"string","enable":"bool","modify_time":"string","name":"string","trigger_desc":"string","type":"string"}]],"description":"SCF trigger details list. Each element contains the following attributes:","description_kind":"plain","computed":true},"vip":{"type":"string","description":"SCF function vip.","description_kind":"plain","computed":true},"vpc_id":{"type":"string","description":"VPC id of the SCF function.","description_kind":"plain","optional":true},"zip_file":{"type":"string","description":"Zip file of the SCF function, conflict with `cos_bucket_name`, `cos_object_name`, `cos_bucket_region`.","description_kind":"plain","optional":true}},"block_types":{"triggers":{"nesting_mode":"set","block":{"attributes":{"cos_region":{"type":"string","description":"Region of cos bucket. if `type` is `cos`, `cos_region` is required.","description_kind":"plain","optional":true},"name":{"type":"string","description":"Name of the SCF function trigger, if `type` is `ckafka`, the format of name must be `\u003cckafkaInstanceId\u003e-\u003ctopicId\u003e`; if `type` is `cos`, the name is cos bucket id, other In any case, it can be combined arbitrarily. It can only contain English letters, numbers, connectors and underscores. The maximum length is 100.","description_kind":"plain","required":true},"trigger_desc":{"type":"string","description":"TriggerDesc of the SCF function trigger, parameter format of `timer` is linux cron expression; parameter of `cos` type is json string `{\"event\":\"cos:ObjectCreated:*\",\"filter\":{\"Prefix\":\"\",\"Suffix\":\"\"}}`, where `event` is the cos event trigger, `Prefix` is the corresponding file prefix filter condition, `Suffix` is the suffix filter condition, if not need filter condition can not pass; `cmq` type does not pass this parameter; `ckafka` type parameter format is json string `{\"maxMsgNum\":\"1\",\"offset\":\"latest\"}`; `apigw` type parameter format is json string `{\"api\":{\"authRequired\":\"FALSE\",\"requestConfig\":{\"method\":\"ANY\"},\"isIntegratedResponse\":\"FALSE\"},\"service\":{\"serviceId\":\"service-dqzh68sg\"},\"release\":{\"environmentName\":\"test\"}}`.","description_kind":"plain","required":true},"type":{"type":"string","description":"Type of the SCF function trigger, support `cos`, `cmq`, `timer`, `ckafka`, `apigw`.","description_kind":"plain","required":true}},"description":"Trigger list of the SCF function, note that if you modify the trigger list, all existing triggers will be deleted, and then create triggers in the new list. Each element contains the following attributes:","description_kind":"plain"}}},"description_kind":"plain"}},"tencentcloud_scf_namespace":{"version":0,"block":{"attributes":{"create_time":{"type":"string","description":"SCF namespace creation time.","description_kind":"plain","computed":true},"description":{"type":"string","description":"Description of the SCF namespace.","description_kind":"plain","optional":true},"id":{"type":"string","description_kind":"plain","optional":true,"computed":true},"modify_time":{"type":"string","description":"SCF namespace last modified time.","description_kind":"plain","computed":true},"namespace":{"type":"string","description":"Name of the SCF namespace.","description_kind":"plain","required":true},"type":{"type":"string","description":"SCF namespace type.","description_kind":"plain","computed":true}},"description_kind":"plain"}},"tencentcloud_security_group":{"version":0,"block":{"attributes":{"description":{"type":"string","description":"Description of the security group.","description_kind":"plain","optional":true},"id":{"type":"string","description_kind":"plain","optional":true,"computed":true},"name":{"type":"string","description":"Name of the security group to be queried.","description_kind":"plain","required":true},"project_id":{"type":"number","description":"Project ID of the security group.","description_kind":"plain","optional":true,"computed":true},"tags":{"type":["map","string"],"description":"Tags of the security group.","description_kind":"plain","optional":true}},"description_kind":"plain"}},"tencentcloud_security_group_lite_rule":{"version":0,"block":{"attributes":{"egress":{"type":["list","string"],"description":"Egress rules set. A rule must match the following format: [action]#[cidr_ip]#[port]#[protocol]. The available value of 'action' is `ACCEPT` and `DROP`. The 'cidr_ip' must be an IP address network or segment. The 'port' valid format is `80`, `80,443`, `80-90` or `ALL`. The available value of 'protocol' is `TCP`, `UDP`, `ICMP` and `ALL`. When 'protocol' is `ICMP` or `ALL`, the 'port' must be `ALL`.","description_kind":"plain","optional":true},"id":{"type":"string","description_kind":"plain","optional":true,"computed":true},"ingress":{"type":["list","string"],"description":"Ingress rules set. A rule must match the following format: [action]#[cidr_ip]#[port]#[protocol]. The available value of 'action' is `ACCEPT` and `DROP`. The 'cidr_ip' must be an IP address network or segment. The 'port' valid format is `80`, `80,443`, `80-90` or `ALL`. The available value of 'protocol' is `TCP`, `UDP`, `ICMP` and `ALL`. When 'protocol' is `ICMP` or `ALL`, the 'port' must be `ALL`.","description_kind":"plain","optional":true},"security_group_id":{"type":"string","description":"ID of the security group.","description_kind":"plain","required":true}},"description_kind":"plain"}},"tencentcloud_security_group_rule":{"version":0,"block":{"attributes":{"cidr_ip":{"type":"string","description":"An IP address network or segment, and conflict with `source_sgid`.","description_kind":"plain","optional":true},"description":{"type":"string","description":"Description of the security group rule.","description_kind":"plain","optional":true,"computed":true},"id":{"type":"string","description_kind":"plain","optional":true,"computed":true},"ip_protocol":{"type":"string","description":"Type of ip protocol, the available value include `TCP`, `UDP` and `ICMP`. Default to all types protocol.","description_kind":"plain","optional":true,"computed":true},"policy":{"type":"string","description":"Rule policy of security group, the available value include `ACCEPT` and `DROP`.","description_kind":"plain","required":true},"port_range":{"type":"string","description":"Range of the port. The available value can be one, multiple or one segment. E.g. `80`, `80,90` and `80-90`. Default to all ports.","description_kind":"plain","optional":true,"computed":true},"security_group_id":{"type":"string","description":"ID of the security group to be queried.","description_kind":"plain","required":true},"source_sgid":{"type":"string","description":"ID of the nested security group, and conflict with `cidr_ip`.","description_kind":"plain","optional":true,"computed":true},"type":{"type":"string","description":"Type of the security group rule, the available value include `ingress` and `egress`.","description_kind":"plain","required":true}},"description_kind":"plain"}},"tencentcloud_sqlserver_account":{"version":0,"block":{"attributes":{"create_time":{"type":"string","description":"Create time of the SQL Server account.","description_kind":"plain","computed":true},"id":{"type":"string","description_kind":"plain","optional":true,"computed":true},"instance_id":{"type":"string","description":"Instance ID that the account belongs to.","description_kind":"plain","required":true},"is_admin":{"type":"bool","description":"Indicate that the account is root account or not.","description_kind":"plain","optional":true},"name":{"type":"string","description":"Name of the SQL Server account.","description_kind":"plain","required":true},"password":{"type":"string","description":"Password of the SQL Server account.","description_kind":"plain","required":true,"sensitive":true},"remark":{"type":"string","description":"Remark of the SQL Server account.","description_kind":"plain","optional":true},"status":{"type":"number","description":"Status of the SQL Server account. 1 for creating, 2 for running, 3 for modifying, 4 for resetting password, -1 for deleting.","description_kind":"plain","computed":true},"update_time":{"type":"string","description":"Last updated time of the SQL Server account.","description_kind":"plain","computed":true}},"description_kind":"plain"}},"tencentcloud_sqlserver_account_db_attachment":{"version":0,"block":{"attributes":{"account_name":{"type":"string","description":"SQL Server account name.","description_kind":"plain","required":true},"db_name":{"type":"string","description":"SQL Server DB name.","description_kind":"plain","required":true},"id":{"type":"string","description_kind":"plain","optional":true,"computed":true},"instance_id":{"type":"string","description":"SQL Server instance ID that the account belongs to.","description_kind":"plain","required":true},"privilege":{"type":"string","description":"Privilege of the account on DB. Valid value are `ReadOnly`, `ReadWrite`.","description_kind":"plain","required":true}},"description_kind":"plain"}},"tencentcloud_sqlserver_db":{"version":0,"block":{"attributes":{"charset":{"type":"string","description":"Character set DB uses. Valid values: `Chinese_PRC_CI_AS`, `Chinese_PRC_CS_AS`, `Chinese_PRC_BIN`, `Chinese_Taiwan_Stroke_CI_AS`, `SQL_Latin1_General_CP1_CI_AS`, and `SQL_Latin1_General_CP1_CS_AS`. Default value is `Chinese_PRC_CI_AS`.","description_kind":"plain","optional":true},"create_time":{"type":"string","description":"Database creation time.","description_kind":"plain","computed":true},"id":{"type":"string","description_kind":"plain","optional":true,"computed":true},"instance_id":{"type":"string","description":"SQLServer instance ID which DB belongs to.","description_kind":"plain","required":true},"name":{"type":"string","description":"Name of SQL Server DB. The DataBase name must be unique and must be composed of numbers, letters and underlines, and the first one can not be underline.","description_kind":"plain","required":true},"remark":{"type":"string","description":"Remark of the DB.","description_kind":"plain","optional":true},"status":{"type":"string","description":"Database status, could be `creating`, `running`, `modifying` which means changing the remark, and `deleting`.","description_kind":"plain","computed":true}},"description_kind":"plain"}},"tencentcloud_sqlserver_instance":{"version":0,"block":{"attributes":{"availability_zone":{"type":"string","description":"Availability zone.","description_kind":"plain","optional":true,"computed":true},"charge_type":{"type":"string","description":"Pay type of the SQL Server instance. For now, only `POSTPAID_BY_HOUR` is valid.","description_kind":"plain","optional":true},"create_time":{"type":"string","description":"Create time of the SQL Server instance.","description_kind":"plain","computed":true},"engine_version":{"type":"string","description":"Version of the SQL Server database engine. Allowed values are `2008R2`(SQL Server 2008 Enerprise), `2012SP3`(SQL Server 2012 Enterprise), `2016SP1` (SQL Server 2016 Enterprise), `201602`(SQL Server 2016 Standard) and `2017`(SQL Server 2017 Enterprise). Default is `2008R2`.","description_kind":"plain","optional":true},"ha_type":{"type":"string","description":"Instance type. Valid value are `DUAL`, `CLUSTER`. Default is `DUAL`.","description_kind":"plain","optional":true},"id":{"type":"string","description_kind":"plain","optional":true,"computed":true},"maintenance_start_time":{"type":"string","description":"Start time of the maintenance in one day, format like `HH:mm`.","description_kind":"plain","optional":true,"computed":true},"maintenance_time_span":{"type":"number","description":"The timespan of maintenance in one day, unit is hour.","description_kind":"plain","optional":true,"computed":true},"maintenance_week_set":{"type":["set","number"],"description":"A list of integer indicates weekly maintenance. For example, [2,7] presents do weekly maintenance on every Tuesday and Sunday.","description_kind":"plain","optional":true,"computed":true},"memory":{"type":"number","description":"Memory size (in GB). Allowed value must be larger than `memory` that data source `tencentcloud_sqlserver_specinfos` provides.","description_kind":"plain","required":true},"multi_zones":{"type":"bool","description":"Indicate whether to deploy across availability zones.","description_kind":"plain","optional":true},"name":{"type":"string","description":"Name of the SQL Server instance.","description_kind":"plain","required":true},"project_id":{"type":"number","description":"Project ID, default value is 0.","description_kind":"plain","optional":true,"computed":true},"ro_flag":{"type":"string","description":"Readonly flag. `RO` for readonly instance, `MASTER` for master instance,  `` for not readonly instance.","description_kind":"plain","computed":true},"security_groups":{"type":["set","string"],"description":"Security group bound to the instance.","description_kind":"plain","optional":true},"status":{"type":"number","description":"Status of the SQL Server instance. 1 for applying, 2 for running, 3 for running with limit, 4 for isolated, 5 for recycling, 6 for recycled, 7 for running with task, 8 for off-line, 9 for expanding, 10 for migrating, 11 for readonly, 12 for rebooting.","description_kind":"plain","computed":true},"storage":{"type":"number","description":"Disk size (in GB). Allowed value must be a multiple of 10. The storage must be set with the limit of `storage_min` and `storage_max` which data source `tencentcloud_sqlserver_specinfos` provides.","description_kind":"plain","required":true},"subnet_id":{"type":"string","description":"ID of subnet.","description_kind":"plain","optional":true},"vip":{"type":"string","description":"IP for private access.","description_kind":"plain","computed":true},"vpc_id":{"type":"string","description":"ID of VPC.","description_kind":"plain","optional":true},"vport":{"type":"number","description":"Port for private access.","description_kind":"plain","computed":true}},"description_kind":"plain"}},"tencentcloud_sqlserver_readonly_instance":{"version":0,"block":{"attributes":{"availability_zone":{"type":"string","description":"Availability zone.","description_kind":"plain","optional":true,"computed":true},"charge_type":{"type":"string","description":"Pay type of the SQL Server instance. For now, only `POSTPAID_BY_HOUR` is valid.","description_kind":"plain","optional":true},"create_time":{"type":"string","description":"Create time of the SQL Server instance.","description_kind":"plain","computed":true},"force_upgrade":{"type":"bool","description":"Indicate that the master instance upgrade or not. `true` for upgrading the master SQL Server instance to cluster type by force. Default is false. Note: this is not supported with `DUAL`(ha_type), `2017`(engine_version) master SQL Server instance, for it will cause ha_type of the master SQL Server instance change.","description_kind":"plain","optional":true},"id":{"type":"string","description_kind":"plain","optional":true,"computed":true},"master_instance_id":{"type":"string","description":"Indicates the master instance ID of recovery instances.","description_kind":"plain","required":true},"memory":{"type":"number","description":"Memory size (in GB). Allowed value must be larger than `memory` that data source `tencentcloud_sqlserver_specinfos` provides.","description_kind":"plain","required":true},"name":{"type":"string","description":"Name of the SQL Server instance.","description_kind":"plain","required":true},"readonly_group_id":{"type":"string","description":"ID of the readonly group that this instance belongs to. When `readonly_group_type` set value `3`, it must be set with valid value.","description_kind":"plain","optional":true,"computed":true},"readonly_group_type":{"type":"number","description":"Type of readonly group. 1 for one auto-assigned readonly instance per one readonly group, 2 for creating new readonly group, 3 for all exist readonly instances stay in the exist readonly group. For now, only 1 and 3 are supported.","description_kind":"plain","required":true},"ro_flag":{"type":"string","description":"Readonly flag. `RO` for readonly instance, `MASTER` for master instance,  `` for not readonly instance.","description_kind":"plain","computed":true},"security_groups":{"type":["set","string"],"description":"Security group bound to the instance.","description_kind":"plain","optional":true},"status":{"type":"number","description":"Status of the SQL Server instance. 1 for applying, 2 for running, 3 for running with limit, 4 for isolated, 5 for recycling, 6 for recycled, 7 for running with task, 8 for off-line, 9 for expanding, 10 for migrating, 11 for readonly, 12 for rebooting.","description_kind":"plain","computed":true},"storage":{"type":"number","description":"Disk size (in GB). Allowed value must be a multiple of 10. The storage must be set with the limit of `storage_min` and `storage_max` which data source `tencentcloud_sqlserver_specinfos` provides.","description_kind":"plain","required":true},"subnet_id":{"type":"string","description":"ID of subnet.","description_kind":"plain","optional":true},"vip":{"type":"string","description":"IP for private access.","description_kind":"plain","computed":true},"vpc_id":{"type":"string","description":"ID of VPC.","description_kind":"plain","optional":true},"vport":{"type":"number","description":"Port for private access.","description_kind":"plain","computed":true}},"description_kind":"plain"}},"tencentcloud_ssl_certificate":{"version":0,"block":{"attributes":{"begin_time":{"type":"string","description":"Beginning time of the SSL certificate.","description_kind":"plain","computed":true},"cert":{"type":"string","description":"Content of the SSL certificate. Not allowed newline at the start and end.","description_kind":"plain","required":true},"create_time":{"type":"string","description":"Creation time of the SSL certificate.","description_kind":"plain","computed":true},"domain":{"type":"string","description":"Primary domain of the SSL certificate.","description_kind":"plain","computed":true},"end_time":{"type":"string","description":"Ending time of the SSL certificate.","description_kind":"plain","computed":true},"id":{"type":"string","description_kind":"plain","optional":true,"computed":true},"key":{"type":"string","description":"Key of the SSL certificate and required when certificate type is `SVR`. Not allowed newline at the start and end.","description_kind":"plain","optional":true,"sensitive":true},"name":{"type":"string","description":"Name of the SSL certificate.","description_kind":"plain","optional":true},"product_zh_name":{"type":"string","description":"Certificate authority.","description_kind":"plain","computed":true},"project_id":{"type":"number","description":"Project ID of the SSL certificate. Default is `0`.","description_kind":"plain","optional":true},"status":{"type":"number","description":"Status of the SSL certificate.","description_kind":"plain","computed":true},"subject_names":{"type":["list","string"],"description":"ALL domains included in the SSL certificate. Including the primary domain name.","description_kind":"plain","computed":true},"type":{"type":"string","description":"Type of the SSL certificate. Available values includes: `CA` and `SVR`.","description_kind":"plain","required":true}},"description_kind":"plain"}},"tencentcloud_subnet":{"version":0,"block":{"attributes":{"availability_zone":{"type":"string","description":"The availability zone within which the subnet should be created.","description_kind":"plain","required":true},"available_ip_count":{"type":"number","description":"The number of available IPs.","description_kind":"plain","computed":true},"cidr_block":{"type":"string","description":"A network address block of the subnet.","description_kind":"plain","required":true},"create_time":{"type":"string","description":"Creation time of subnet resource.","description_kind":"plain","computed":true},"id":{"type":"string","description_kind":"plain","optional":true,"computed":true},"is_default":{"type":"bool","description":"Indicates whether it is the default VPC for this region.","description_kind":"plain","computed":true},"is_multicast":{"type":"bool","description":"Indicates whether multicast is enabled. The default value is 'true'.","description_kind":"plain","optional":true},"name":{"type":"string","description":"The name of subnet to be created.","description_kind":"plain","required":true},"route_table_id":{"type":"string","description":"ID of a routing table to which the subnet should be associated.","description_kind":"plain","optional":true,"computed":true},"tags":{"type":["map","string"],"description":"Tags of the subnet.","description_kind":"plain","optional":true},"vpc_id":{"type":"string","description":"ID of the VPC to be associated.","description_kind":"plain","required":true}},"description_kind":"plain"}},"tencentcloud_tcaplus_cluster":{"version":0,"block":{"attributes":{"api_access_id":{"type":"string","description":"Access id of the TcaplusDB cluster.For TcaplusDB SDK connect.","description_kind":"plain","computed":true},"api_access_ip":{"type":"string","description":"Access ip of the TcaplusDB cluster.For TcaplusDB SDK connect.","description_kind":"plain","computed":true},"api_access_port":{"type":"number","description":"Access port of the TcaplusDB cluster.For TcaplusDB SDK connect.","description_kind":"plain","computed":true},"cluster_name":{"type":"string","description":"Name of the TcaplusDB cluster. Name length should be between 1 and 30.","description_kind":"plain","required":true},"create_time":{"type":"string","description":"Create time of the TcaplusDB cluster.","description_kind":"plain","computed":true},"id":{"type":"string","description_kind":"plain","optional":true,"computed":true},"idl_type":{"type":"string","description":"IDL type of the TcaplusDB cluster. Valid values are PROTO and TDR.","description_kind":"plain","required":true},"network_type":{"type":"string","description":"Network type of the TcaplusDB cluster.","description_kind":"plain","computed":true},"old_password_expire_last":{"type":"number","description":"Expiration time of old password after password update, unit: second.","description_kind":"plain","optional":true},"old_password_expire_time":{"type":"string","description":"Expiration time of the old password. If `password_status` is `unmodifiable`, it means the old password has not yet expired.","description_kind":"plain","computed":true},"password":{"type":"string","description":"Password of the TcaplusDB cluster. Password length should be between 12 and 16. The password must be a *mix* of uppercase letters (A-Z), lowercase *letters* (a-z) and *numbers* (0-9).","description_kind":"plain","required":true,"sensitive":true},"password_status":{"type":"string","description":"Password status of the TcaplusDB cluster. Valid values: `unmodifiable`, which means the password can not be changed in this moment; `modifiable`, which means the password can be changed in this moment.","description_kind":"plain","computed":true},"subnet_id":{"type":"string","description":"Subnet id of the TcaplusDB cluster.","description_kind":"plain","required":true},"vpc_id":{"type":"string","description":"VPC id of the TcaplusDB cluster.","description_kind":"plain","required":true}},"description_kind":"plain"}},"tencentcloud_tcaplus_idl":{"version":0,"block":{"attributes":{"cluster_id":{"type":"string","description":"Id of the TcaplusDB cluster to which the table group belongs.","description_kind":"plain","required":true},"file_content":{"type":"string","description":"IDL file content of the TcaplusDB table.","description_kind":"plain","required":true},"file_ext_type":{"type":"string","description":"File ext type of the IDL file. If `file_type` is `PROTO`, `file_ext_type` must be 'proto'; If `file_type` is `TDR`, `file_ext_type` must be 'xml'.","description_kind":"plain","required":true},"file_name":{"type":"string","description":"Name of the IDL file.","description_kind":"plain","required":true},"file_type":{"type":"string","description":"Type of the IDL file. Valid values are PROTO and TDR.","description_kind":"plain","required":true},"id":{"type":"string","description_kind":"plain","optional":true,"computed":true},"table_infos":{"type":["list",["object",{"error":"string","index_key_set":"string","key_fields":"string","sum_key_field_size":"number","sum_value_field_size":"number","table_name":"string","value_fields":"string"}]],"description":"Table info of the IDL.","description_kind":"plain","computed":true},"tablegroup_id":{"type":"string","description":"Id of the table group to which the IDL file belongs.","description_kind":"plain","required":true}},"description_kind":"plain"}},"tencentcloud_tcaplus_table":{"version":0,"block":{"attributes":{"cluster_id":{"type":"string","description":"ID of the TcaplusDB cluster to which the table belongs.","description_kind":"plain","required":true},"create_time":{"type":"string","description":"Create time of the TcaplusDB table.","description_kind":"plain","computed":true},"description":{"type":"string","description":"Description of the TcaplusDB table.","description_kind":"plain","optional":true},"error":{"type":"string","description":"Error messages for creating TcaplusDB table.","description_kind":"plain","computed":true},"id":{"type":"string","description_kind":"plain","optional":true,"computed":true},"idl_id":{"type":"string","description":"ID of the IDL File.","description_kind":"plain","required":true},"reserved_read_cu":{"type":"number","description":"Reserved read capacity units of the TcaplusDB table.","description_kind":"plain","required":true},"reserved_volume":{"type":"number","description":"Reserved storage capacity of the TcaplusDB table (unit: GB).","description_kind":"plain","required":true},"reserved_write_cu":{"type":"number","description":"Reserved write capacity units of the TcaplusDB table.","description_kind":"plain","required":true},"status":{"type":"string","description":"Status of the TcaplusDB table.","description_kind":"plain","computed":true},"table_idl_type":{"type":"string","description":"IDL type of the TcaplusDB table. Valid values are PROTO and TDR.","description_kind":"plain","required":true},"table_name":{"type":"string","description":"Name of the TcaplusDB table.","description_kind":"plain","required":true},"table_size":{"type":"number","description":"Size of the TcaplusDB table.","description_kind":"plain","computed":true},"table_type":{"type":"string","description":"Type of the TcaplusDB table. Valid values are GENERIC and LIST.","description_kind":"plain","required":true},"tablegroup_id":{"type":"string","description":"ID of the table group to which the table belongs.","description_kind":"plain","required":true}},"description_kind":"plain"}},"tencentcloud_tcaplus_tablegroup":{"version":0,"block":{"attributes":{"cluster_id":{"type":"string","description":"Id of the TcaplusDB cluster to which the table group belongs.","description_kind":"plain","required":true},"create_time":{"type":"string","description":"Create time of the TcaplusDB table group.","description_kind":"plain","computed":true},"id":{"type":"string","description_kind":"plain","optional":true,"computed":true},"table_count":{"type":"number","description":"Number of tables.","description_kind":"plain","computed":true},"tablegroup_name":{"type":"string","description":"Name of the TcaplusDB table group. Name length should be between 1 and 30.","description_kind":"plain","required":true},"total_size":{"type":"number","description":"Total storage size (MB).","description_kind":"plain","computed":true}},"description_kind":"plain"}},"tencentcloud_vpc":{"version":0,"block":{"attributes":{"cidr_block":{"type":"string","description":"A network address block which should be a subnet of the three internal network segments (10.0.0.0/16, 172.16.0.0/12 and 192.168.0.0/16).","description_kind":"plain","required":true},"create_time":{"type":"string","description":"Creation time of VPC.","description_kind":"plain","computed":true},"dns_servers":{"type":["set","string"],"description":"The DNS server list of the VPC. And you can specify 0 to 5 servers to this list.","description_kind":"plain","optional":true,"computed":true},"id":{"type":"string","description_kind":"plain","optional":true,"computed":true},"is_default":{"type":"bool","description":"Indicates whether it is the default VPC for this region.","description_kind":"plain","computed":true},"is_multicast":{"type":"bool","description":"Indicates whether VPC multicast is enabled. The default value is 'true'.","description_kind":"plain","optional":true},"name":{"type":"string","description":"The name of the VPC.","description_kind":"plain","required":true},"tags":{"type":["map","string"],"description":"Tags of the VPC.","description_kind":"plain","optional":true}},"description_kind":"plain"}},"tencentcloud_vpc_acl":{"version":0,"block":{"attributes":{"create_time":{"type":"string","description":"Creation time of ACL.","description_kind":"plain","computed":true},"egress":{"type":["list","string"],"description":"Egress rules. A rule must match the following format: [action]#[cidr_ip]#[port]#[protocol]. The available value of 'action' is `ACCEPT` and `DROP`. The 'cidr_ip' must be an IP address network or segment. The 'port' valid format is `80`, `80,443`, `80-90` or `ALL`. The available value of 'protocol' is `TCP`, `UDP`, `ICMP` and `ALL`. When 'protocol' is `ICMP` or `ALL`, the 'port' must be `ALL`.","description_kind":"plain","optional":true},"id":{"type":"string","description_kind":"plain","optional":true,"computed":true},"ingress":{"type":["list","string"],"description":"Ingress rules. A rule must match the following format: [action]#[cidr_ip]#[port]#[protocol]. The available value of 'action' is `ACCEPT` and `DROP`. The 'cidr_ip' must be an IP address network or segment. The 'port' valid format is `80`, `80,443`, `80-90` or `ALL`. The available value of 'protocol' is `TCP`, `UDP`, `ICMP` and `ALL`. When 'protocol' is `ICMP` or `ALL`, the 'port' must be `ALL`.","description_kind":"plain","optional":true},"name":{"type":"string","description":"Name of the network ACL.","description_kind":"plain","required":true},"vpc_id":{"type":"string","description":"ID of the VPC instance.","description_kind":"plain","required":true}},"description_kind":"plain"}},"tencentcloud_vpc_acl_attachment":{"version":0,"block":{"attributes":{"acl_id":{"type":"string","description":"ID of the attached ACL.","description_kind":"plain","required":true},"id":{"type":"string","description_kind":"plain","optional":true,"computed":true},"subnet_id":{"type":"string","description":"The Subnet instance ID.","description_kind":"plain","required":true}},"description_kind":"plain"}},"tencentcloud_vpn_connection":{"version":0,"block":{"attributes":{"create_time":{"type":"string","description":"Create time of the VPN connection.","description_kind":"plain","computed":true},"customer_gateway_id":{"type":"string","description":"ID of the customer gateway.","description_kind":"plain","required":true},"encrypt_proto":{"type":"string","description":"Encrypt proto of the VPN connection.","description_kind":"plain","computed":true},"id":{"type":"string","description_kind":"plain","optional":true,"computed":true},"ike_dh_group_name":{"type":"string","description":"DH group name of the IKE operation specification, valid values are `GROUP1`, `GROUP2`, `GROUP5`, `GROUP14`, `GROUP24`. Default value is `GROUP1`.","description_kind":"plain","optional":true},"ike_exchange_mode":{"type":"string","description":"Exchange mode of the IKE operation specification, valid values are `AGGRESSIVE`, `MAIN`. Default value is `MAIN`.","description_kind":"plain","optional":true},"ike_local_address":{"type":"string","description":"Local address of IKE operation specification, valid when ike_local_identity is `ADDRESS`, generally the value is public_ip_address of the related VPN gateway.","description_kind":"plain","optional":true},"ike_local_fqdn_name":{"type":"string","description":"Local FQDN name of the IKE operation specification.","description_kind":"plain","optional":true},"ike_local_identity":{"type":"string","description":"Local identity way of IKE operation specification, valid values are `ADDRESS`, `FQDN`. Default value is `ADDRESS`.","description_kind":"plain","optional":true},"ike_proto_authen_algorithm":{"type":"string","description":"Proto authenticate algorithm of the IKE operation specification, valid values are `MD5`, `SHA`. Default Value is `MD5`.","description_kind":"plain","optional":true},"ike_proto_encry_algorithm":{"type":"string","description":"Proto encrypt algorithm of the IKE operation specification, valid values are `3DES-CBC`, `AES-CBC-128`, `AES-CBC-128`, `AES-CBC-256`, `DES-CBC`. Default value is `3DES-CBC`.","description_kind":"plain","optional":true},"ike_remote_address":{"type":"string","description":"Remote address of IKE operation specification, valid when ike_remote_identity is `ADDRESS`, generally the value is public_ip_address of the related customer gateway.","description_kind":"plain","optional":true},"ike_remote_fqdn_name":{"type":"string","description":"Remote FQDN name of the IKE operation specification.","description_kind":"plain","optional":true},"ike_remote_identity":{"type":"string","description":"Remote identity way of IKE operation specification, valid values are `ADDRESS`, `FQDN`. Default value is `ADDRESS`.","description_kind":"plain","optional":true},"ike_sa_lifetime_seconds":{"type":"number","description":"SA lifetime of the IKE operation specification, unit is `second`. The value ranges from 60 to 604800. Default value is 86400 seconds.","description_kind":"plain","optional":true},"ike_version":{"type":"string","description":"Version of the IKE operation specification. Default value is `IKEV1`.","description_kind":"plain","optional":true},"ipsec_encrypt_algorithm":{"type":"string","description":"Encrypt algorithm of the IPSEC operation specification, valid values are `3DES-CBC`, `AES-CBC-128`, `AES-CBC-128`, `AES-CBC-256`, `DES-CBC`. Default value is `3DES-CBC`.","description_kind":"plain","optional":true},"ipsec_integrity_algorithm":{"type":"string","description":"Integrity algorithm of the IPSEC operation specification, valid values are `SHA1`, `MD5`. Default value is `MD5`.","description_kind":"plain","optional":true},"ipsec_pfs_dh_group":{"type":"string","description":"PFS DH group, valid values are `GROUP1`, `GROUP2`, `GROUP5`, `GROUP14`, `GROUP24`, `NULL`. Default value is `NULL`.","description_kind":"plain","optional":true},"ipsec_sa_lifetime_seconds":{"type":"number","description":"SA lifetime of the IPSEC operation specification, unit is `second`. The value ranges from 180 to 604800. Default value is 3600 seconds.","description_kind":"plain","optional":true},"ipsec_sa_lifetime_traffic":{"type":"number","description":"SA lifetime of the IPSEC operation specification, unit is `KB`. The value should not be less then 2560. Default value is 1843200.","description_kind":"plain","optional":true},"is_ccn_type":{"type":"bool","description":"Indicate whether is ccn type. Modification of this field only impacts force new logic of `vpc_id`. If `is_ccn_type` is true, modification of `vpc_id` will be ignored.","description_kind":"plain","computed":true},"name":{"type":"string","description":"Name of the VPN connection. The length of character is limited to 1-60.","description_kind":"plain","required":true},"net_status":{"type":"string","description":"Net status of the VPN connection, values are `AVAILABLE`.","description_kind":"plain","computed":true},"pre_share_key":{"type":"string","description":"Pre-shared key of the VPN connection.","description_kind":"plain","required":true},"route_type":{"type":"string","description":"Route type of the VPN connection.","description_kind":"plain","computed":true},"state":{"type":"string","description":"State of the connection, values are `PENDING`, `AVAILABLE`, `DELETING`.","description_kind":"plain","computed":true},"tags":{"type":["map","string"],"description":"A list of tags used to associate different resources.","description_kind":"plain","optional":true},"vpc_id":{"type":"string","description":"ID of the VPC. Required if vpn gateway is not in `CCN` type, and doesn't make sense for `CCN` vpn gateway.","description_kind":"plain","optional":true},"vpn_gateway_id":{"type":"string","description":"ID of the VPN gateway.","description_kind":"plain","required":true},"vpn_proto":{"type":"string","description":"Vpn proto of the VPN connection.","description_kind":"plain","computed":true}},"block_types":{"security_group_policy":{"nesting_mode":"set","block":{"attributes":{"local_cidr_block":{"type":"string","description":"Local cidr block.","description_kind":"plain","required":true},"remote_cidr_block":{"type":["set","string"],"description":"Remote cidr block list.","description_kind":"plain","required":true}},"description":"Security group policy of the VPN connection.","description_kind":"plain"},"min_items":1}},"description_kind":"plain"}},"tencentcloud_vpn_customer_gateway":{"version":0,"block":{"attributes":{"create_time":{"type":"string","description":"Create time of the customer gateway.","description_kind":"plain","computed":true},"id":{"type":"string","description_kind":"plain","optional":true,"computed":true},"name":{"type":"string","description":"Name of the customer gateway. The length of character is limited to 1-60.","description_kind":"plain","required":true},"public_ip_address":{"type":"string","description":"Public ip of the customer gateway.","description_kind":"plain","required":true},"tags":{"type":["map","string"],"description":"A list of tags used to associate different resources.","description_kind":"plain","optional":true}},"description_kind":"plain"}},"tencentcloud_vpn_gateway":{"version":0,"block":{"attributes":{"bandwidth":{"type":"number","description":"The maximum public network output bandwidth of VPN gateway (unit: Mbps), the available values include: 5,10,20,50,100,200,500,1000. Default is 5. When charge type is `PREPAID`, bandwidth degradation operation is unsupported.","description_kind":"plain","optional":true},"charge_type":{"type":"string","description":"Charge Type of the VPN gateway, valid values are `PREPAID`, `POSTPAID_BY_HOUR` and default is `POSTPAID_BY_HOUR`.","description_kind":"plain","optional":true},"create_time":{"type":"string","description":"Create time of the VPN gateway.","description_kind":"plain","computed":true},"expired_time":{"type":"string","description":"Expired time of the VPN gateway when charge type is `PREPAID`.","description_kind":"plain","computed":true},"id":{"type":"string","description_kind":"plain","optional":true,"computed":true},"is_address_blocked":{"type":"bool","description":"Indicates whether ip address is blocked.","description_kind":"plain","computed":true},"name":{"type":"string","description":"Name of the VPN gateway. The length of character is limited to 1-60.","description_kind":"plain","required":true},"new_purchase_plan":{"type":"string","description":"The plan of new purchase, valid value is `PREPAID_TO_POSTPAID`.","description_kind":"plain","computed":true},"prepaid_period":{"type":"number","description":"Period of instance to be prepaid. Valid values are 1, 2, 3, 4, 6, 7, 8, 9, 12, 24, 36 and unit is month. Caution: when this para and renew_flag para are valid, the request means to renew several months more pre-paid period. This para can only be set to take effect in create operation.","description_kind":"plain","optional":true},"prepaid_renew_flag":{"type":"string","description":"Flag indicates whether to renew or not, valid values are `NOTIFY_AND_RENEW`, `NOTIFY_AND_AUTO_RENEW`, `NOT_NOTIFY_AND_NOT_RENEW`. This para can only be set to take effect in create operation.","description_kind":"plain","optional":true},"public_ip_address":{"type":"string","description":"Public ip of the VPN gateway.","description_kind":"plain","computed":true},"restrict_state":{"type":"string","description":"Restrict state of gateway, valid values are `PRETECIVELY_ISOLATED`, `NORMAL`.","description_kind":"plain","computed":true},"state":{"type":"string","description":"State of the VPN gateway, valid values are `PENDING`, `DELETING`, `AVAILABLE`.","description_kind":"plain","computed":true},"tags":{"type":["map","string"],"description":"A list of tags used to associate different resources.","description_kind":"plain","optional":true},"type":{"type":"string","description":"Type of gateway instance, valid values are `IPSEC`, `SSL` and `CCN`. Note: CCN type is only for whitelist customer now.","description_kind":"plain","optional":true,"computed":true},"vpc_id":{"type":"string","description":"ID of the VPC. Required if vpn gateway is not in `CCN` type, and doesn't make sense for `CCN` vpn gateway.","description_kind":"plain","optional":true},"zone":{"type":"string","description":"Zone of the VPN gateway.","description_kind":"plain","required":true}},"description_kind":"plain"}}},"data_source_schemas":{"tencentcloud_as_scaling_configs":{"version":0,"block":{"attributes":{"configuration_id":{"type":"string","description":"Launch configuration ID.","description_kind":"plain","optional":true},"configuration_list":{"type":["list",["object",{"configuration_id":"string","configuration_name":"string","create_time":"string","data_disk":["list",["object",{"disk_size":"number","disk_type":"string","snapshot_id":"string"}]],"enhanced_monitor_service":"bool","enhanced_security_service":"bool","image_id":"string","instance_tags":["map","string"],"instance_types":["list","string"],"internet_charge_type":"string","internet_max_bandwidth_out":"number","key_ids":["list","string"],"project_id":"number","public_ip_assigned":"bool","security_group_ids":["list","string"],"status":"string","system_disk_size":"number","system_disk_type":"string","user_data":"string"}]],"description":"A list of configuration. Each element contains the following attributes:","description_kind":"plain","computed":true},"configuration_name":{"type":"string","description":"Launch configuration name.","description_kind":"plain","optional":true},"id":{"type":"string","description_kind":"plain","optional":true,"computed":true},"result_output_file":{"type":"string","description":"Used to save results.","description_kind":"plain","optional":true}},"description_kind":"plain"}},"tencentcloud_as_scaling_groups":{"version":0,"block":{"attributes":{"configuration_id":{"type":"string","description":"Filter results by launch configuration ID.","description_kind":"plain","optional":true},"id":{"type":"string","description_kind":"plain","optional":true,"computed":true},"result_output_file":{"type":"string","description":"Used to save results.","description_kind":"plain","optional":true},"scaling_group_id":{"type":"string","description":"A specified scaling group ID used to query.","description_kind":"plain","optional":true},"scaling_group_list":{"type":["list",["object",{"configuration_id":"string","create_time":"string","default_cooldown":"number","desired_capacity":"number","forward_balancer_ids":["list",["object",{"listener_id":"string","load_balancer_id":"string","location_id":"string","target_attribute":["list",["object",{"port":"number","weight":"number"}]]}]],"instance_count":"number","load_balancer_ids":["list","string"],"max_size":"number","min_size":"number","project_id":"number","retry_policy":"string","scaling_group_id":"string","scaling_group_name":"string","status":"string","subnet_ids":["list","string"],"tags":["map","string"],"termination_policies":["list","string"],"vpc_id":"string","zones":["list","string"]}]],"description":"A list of scaling group. Each element contains the following attributes:","description_kind":"plain","computed":true},"scaling_group_name":{"type":"string","description":"A scaling group name used to query.","description_kind":"plain","optional":true},"tags":{"type":["map","string"],"description":"Tags used to query.","description_kind":"plain","optional":true}},"description_kind":"plain"}},"tencentcloud_as_scaling_policies":{"version":0,"block":{"attributes":{"id":{"type":"string","description_kind":"plain","optional":true,"computed":true},"policy_name":{"type":"string","description":"Scaling policy name.","description_kind":"plain","optional":true},"result_output_file":{"type":"string","description":"Used to save results.","description_kind":"plain","optional":true},"scaling_group_id":{"type":"string","description":"Scaling group ID.","description_kind":"plain","optional":true},"scaling_policy_id":{"type":"string","description":"Scaling policy ID.","description_kind":"plain","optional":true},"scaling_policy_list":{"type":["list",["object",{"adjustment_type":"string","adjustment_value":"number","comparison_operator":"string","continuous_time":"number","cooldown":"number","metric_name":"string","notification_user_group_ids":["list","string"],"period":"number","policy_name":"string","scaling_group_id":"string","statistic":"string","threshold":"number"}]],"description":"A list of scaling policy. Each element contains the following attributes:","description_kind":"plain","computed":true}},"description_kind":"plain"}},"tencentcloud_audit_cos_regions":{"version":0,"block":{"attributes":{"audit_cos_region_list":{"type":["list",["object",{"cos_region":"string","cos_region_name":"string"}]],"description":"List of available regions supported by audit cos.","description_kind":"plain","computed":true},"id":{"type":"string","description_kind":"plain","optional":true,"computed":true},"result_output_file":{"type":"string","description":"Used to save results.","description_kind":"plain","optional":true}},"description_kind":"plain"}},"tencentcloud_audit_key_alias":{"version":0,"block":{"attributes":{"audit_key_alias_list":{"type":["list",["object",{"key_alias":"string","key_id":"string"}]],"description":"List of available key alias supported by audit.","description_kind":"plain","computed":true},"id":{"type":"string","description_kind":"plain","optional":true,"computed":true},"region":{"type":"string","description":"Region.","description_kind":"plain","required":true},"result_output_file":{"type":"string","description":"Used to save results.","description_kind":"plain","optional":true}},"description_kind":"plain"}},"tencentcloud_audits":{"version":0,"block":{"attributes":{"audit_list":{"type":["list",["object",{"audit_switch":"bool","cos_bucket":"string","id":"string","log_file_prefix":"string","name":"string"}]],"description":"Information list of the dedicated audits.","description_kind":"plain","computed":true},"id":{"type":"string","description_kind":"plain","optional":true,"computed":true},"name":{"type":"string","description":"Name of the audits.","description_kind":"plain","optional":true},"result_output_file":{"type":"string","description":"Used to save results.","description_kind":"plain","optional":true}},"description_kind":"plain"}},"tencentcloud_availability_regions":{"version":0,"block":{"attributes":{"id":{"type":"string","description_kind":"plain","optional":true,"computed":true},"include_unavailable":{"type":"bool","description":"A bool variable indicates that the query will include `UNAVAILABLE` regions.","description_kind":"plain","optional":true},"name":{"type":"string","description":"When specified, only the region with the exactly name match will be returned.","description_kind":"plain","optional":true},"regions":{"type":["list",["object",{"description":"string","name":"string","state":"string"}]],"description":"A list of regions will be exported and its every element contains the following attributes:","description_kind":"plain","computed":true},"result_output_file":{"type":"string","description":"Used to save results.","description_kind":"plain","optional":true}},"description_kind":"plain"}},"tencentcloud_availability_zones":{"version":0,"block":{"attributes":{"id":{"type":"string","description_kind":"plain","optional":true,"computed":true},"include_unavailable":{"type":"bool","description":"A bool variable indicates that the query will include `UNAVAILABLE` zones.","description_kind":"plain","optional":true},"name":{"type":"string","description":"When specified, only the zone with the exactly name match will be returned.","description_kind":"plain","optional":true},"result_output_file":{"type":"string","description":"Used to save results.","description_kind":"plain","optional":true},"zones":{"type":["list",["object",{"description":"string","id":"string","name":"string","state":"string"}]],"description":"A list of zones will be exported and its every element contains the following attributes:","description_kind":"plain","computed":true}},"description_kind":"plain"}},"tencentcloud_cam_group_memberships":{"version":0,"block":{"attributes":{"group_id":{"type":"string","description":"Id of CAM group to be queried.","description_kind":"plain","optional":true},"id":{"type":"string","description_kind":"plain","optional":true,"computed":true},"membership_list":{"type":["list",["object",{"group_id":"string","user_ids":["set","string"]}]],"description":"A list of CAM group membership. Each element contains the following attributes:","description_kind":"plain","computed":true},"result_output_file":{"type":"string","description":"Used to save results.","description_kind":"plain","optional":true}},"description_kind":"plain"}},"tencentcloud_cam_group_policy_attachments":{"version":0,"block":{"attributes":{"create_mode":{"type":"number","description":"Mode of Creation of the CAM user policy attachment. 1 means the cam policy attachment is created by production, and the others indicate syntax strategy ways.","description_kind":"plain","optional":true},"group_id":{"type":"string","description":"Id of the attached CAM group to be queried.","description_kind":"plain","required":true},"group_policy_attachment_list":{"type":["list",["object",{"create_mode":"number","create_time":"string","group_id":"string","policy_id":"string","policy_name":"string","policy_type":"string"}]],"description":"A list of CAM group policy attachments. Each element contains the following attributes:","description_kind":"plain","computed":true},"id":{"type":"string","description_kind":"plain","optional":true,"computed":true},"policy_id":{"type":"string","description":"Id of CAM policy to be queried.","description_kind":"plain","optional":true},"policy_type":{"type":"string","description":"Type of the policy strategy. 'User' means customer strategy and 'QCS' means preset strategy.","description_kind":"plain","optional":true},"result_output_file":{"type":"string","description":"Used to save results.","description_kind":"plain","optional":true}},"description_kind":"plain"}},"tencentcloud_cam_groups":{"version":0,"block":{"attributes":{"group_id":{"type":"string","description":"Id of CAM group to be queried.","description_kind":"plain","optional":true},"group_list":{"type":["list",["object",{"create_time":"string","group_id":"string","name":"string","remark":"string"}]],"description":"A list of CAM groups. Each element contains the following attributes:","description_kind":"plain","computed":true},"id":{"type":"string","description_kind":"plain","optional":true,"computed":true},"name":{"type":"string","description":"Name of the CAM group to be queried.","description_kind":"plain","optional":true},"remark":{"type":"string","description":"Description of the cam group to be queried.","description_kind":"plain","optional":true},"result_output_file":{"type":"string","description":"Used to save results.","description_kind":"plain","optional":true}},"description_kind":"plain"}},"tencentcloud_cam_policies":{"version":0,"block":{"attributes":{"create_mode":{"type":"number","description":"Mode of creation of policy strategy. 1 means policy was created with console, and 2 means it was created by strategies.","description_kind":"plain","optional":true},"description":{"type":"string","description":"The description of the CAM policy.","description_kind":"plain","optional":true},"id":{"type":"string","description_kind":"plain","optional":true,"computed":true},"name":{"type":"string","description":"Name of the CAM policy to be queried.","description_kind":"plain","optional":true},"policy_id":{"type":"string","description":"Id of CAM policy to be queried.","description_kind":"plain","optional":true},"policy_list":{"type":["list",["object",{"attachments":"number","create_mode":"number","create_time":"string","description":"string","name":"string","policy_id":"string","service_type":"string","type":"number"}]],"description":"A list of CAM policies. Each element contains the following attributes:","description_kind":"plain","computed":true},"result_output_file":{"type":"string","description":"Used to save results.","description_kind":"plain","optional":true},"type":{"type":"number","description":"Type of the policy strategy. 1 means customer strategy and 2 means preset strategy.","description_kind":"plain","optional":true}},"description_kind":"plain"}},"tencentcloud_cam_role_policy_attachments":{"version":0,"block":{"attributes":{"create_mode":{"type":"number","description":"Mode of Creation of the CAM user policy attachment. 1 means the cam policy attachment is created by production, and the others indicate syntax strategy ways.","description_kind":"plain","optional":true},"id":{"type":"string","description_kind":"plain","optional":true,"computed":true},"policy_id":{"type":"string","description":"Id of CAM policy to be queried.","description_kind":"plain","optional":true},"policy_type":{"type":"string","description":"Type of the policy strategy. Valid values are 'User', 'QCS', '', 'User' means customer strategy and 'QCS' means preset strategy.","description_kind":"plain","optional":true},"result_output_file":{"type":"string","description":"Used to save results.","description_kind":"plain","optional":true},"role_id":{"type":"string","description":"Id of the attached CAM role to be queried.","description_kind":"plain","required":true},"role_policy_attachment_list":{"type":["list",["object",{"create_mode":"number","create_time":"string","policy_id":"string","policy_name":"string","policy_type":"string","role_id":"string"}]],"description":"A list of CAM role policy attachments. Each element contains the following attributes:","description_kind":"plain","computed":true}},"description_kind":"plain"}},"tencentcloud_cam_roles":{"version":0,"block":{"attributes":{"description":{"type":"string","description":"The description of the CAM role to be queried.","description_kind":"plain","optional":true},"id":{"type":"string","description_kind":"plain","optional":true,"computed":true},"name":{"type":"string","description":"Name of the CAM policy to be queried.","description_kind":"plain","optional":true},"result_output_file":{"type":"string","description":"Used to save results.","description_kind":"plain","optional":true},"role_id":{"type":"string","description":"Id of the CAM role to be queried.","description_kind":"plain","optional":true},"role_list":{"type":["list",["object",{"console_login":"bool","create_time":"string","description":"string","document":"string","name":"string","role_id":"string","update_time":"string"}]],"description":"A list of CAM roles. Each element contains the following attributes:","description_kind":"plain","computed":true}},"description_kind":"plain"}},"tencentcloud_cam_saml_providers":{"version":0,"block":{"attributes":{"description":{"type":"string","description":"The description of the CAM SAML provider.","description_kind":"plain","optional":true},"id":{"type":"string","description_kind":"plain","optional":true,"computed":true},"name":{"type":"string","description":"Name of the CAM SAML provider to be queried.","description_kind":"plain","optional":true},"provider_list":{"type":["list",["object",{"create_time":"string","description":"string","modify_time":"string","name":"string"}]],"description":"A list of CAM SAML providers. Each element contains the following attributes:","description_kind":"plain","computed":true},"result_output_file":{"type":"string","description":"Used to save results.","description_kind":"plain","optional":true}},"description_kind":"plain"}},"tencentcloud_cam_user_policy_attachments":{"version":0,"block":{"attributes":{"create_mode":{"type":"number","description":"Mode of Creation of the CAM user policy attachment. 1 means the cam policy attachment is created by production, and the others indicate syntax strategy ways.","description_kind":"plain","optional":true},"id":{"type":"string","description_kind":"plain","optional":true,"computed":true},"policy_id":{"type":"string","description":"Id of CAM policy to be queried.","description_kind":"plain","optional":true},"policy_type":{"type":"string","description":"Type of the policy strategy. 'User' means customer strategy and 'QCS' means preset strategy.","description_kind":"plain","optional":true},"result_output_file":{"type":"string","description":"Used to save results.","description_kind":"plain","optional":true},"user_id":{"type":"string","description":"Id of the attached CAM user to be queried.","description_kind":"plain","required":true},"user_policy_attachment_list":{"type":["list",["object",{"create_mode":"number","create_time":"string","policy_id":"string","policy_name":"string","policy_type":"string","user_id":"string"}]],"description":"A list of CAM user policy attachments. Each element contains the following attributes:","description_kind":"plain","computed":true}},"description_kind":"plain"}},"tencentcloud_cam_users":{"version":0,"block":{"attributes":{"console_login":{"type":"bool","description":"Indicate whether the user can login in.","description_kind":"plain","optional":true},"country_code":{"type":"string","description":"Country code of the CAM user to be queried.","description_kind":"plain","optional":true},"email":{"type":"string","description":"Email of the CAM user to be queried.","description_kind":"plain","optional":true},"id":{"type":"string","description_kind":"plain","optional":true,"computed":true},"name":{"type":"string","description":"Name of CAM user to be queried.","description_kind":"plain","optional":true},"phone_num":{"type":"string","description":"Phone num of the CAM user to be queried.","description_kind":"plain","optional":true},"remark":{"type":"string","description":"Remark of the CAM user to be queried.","description_kind":"plain","optional":true},"result_output_file":{"type":"string","description":"Used to save results.","description_kind":"plain","optional":true},"uid":{"type":"number","description":"Uid of the CAM user to be queried.","description_kind":"plain","optional":true},"uin":{"type":"number","description":"Uin of the CAM user to be queried.","description_kind":"plain","optional":true},"user_list":{"type":["list",["object",{"console_login":"bool","country_code":"string","email":"string","name":"string","phone_num":"string","remark":"string","uid":"number","uin":"number","user_id":"string"}]],"description":"A list of CAM users. Each element contains the following attributes:","description_kind":"plain","computed":true}},"description_kind":"plain"}},"tencentcloud_cbs_snapshot_policies":{"version":0,"block":{"attributes":{"id":{"type":"string","description_kind":"plain","optional":true,"computed":true},"result_output_file":{"type":"string","description":"Used to save results.","description_kind":"plain","optional":true},"snapshot_policy_id":{"type":"string","description":"ID of the snapshot policy to be queried.","description_kind":"plain","optional":true},"snapshot_policy_list":{"type":["list",["object",{"attached_storage_ids":["list","string"],"create_time":"string","repeat_hours":["list","number"],"repeat_weekdays":["list","number"],"retention_days":"number","snapshot_policy_id":"string","snapshot_policy_name":"string","status":"string"}]],"description":"A list of snapshot policy. Each element contains the following attributes:","description_kind":"plain","computed":true},"snapshot_policy_name":{"type":"string","description":"Name of the snapshot policy to be queried.","description_kind":"plain","optional":true}},"description_kind":"plain"}},"tencentcloud_cbs_snapshots":{"version":0,"block":{"attributes":{"availability_zone":{"type":"string","description":"The available zone that the CBS instance locates at.","description_kind":"plain","optional":true},"id":{"type":"string","description_kind":"plain","optional":true,"computed":true},"project_id":{"type":"number","description":"ID of the project within the snapshot.","description_kind":"plain","optional":true},"result_output_file":{"type":"string","description":"Used to save results.","description_kind":"plain","optional":true},"snapshot_id":{"type":"string","description":"ID of the snapshot to be queried.","description_kind":"plain","optional":true},"snapshot_list":{"type":["list",["object",{"availability_zone":"string","create_time":"string","encrypt":"bool","percent":"number","project_id":"number","snapshot_id":"string","snapshot_name":"string","storage_id":"string","storage_size":"number","storage_usage":"string"}]],"description":"A list of snapshot. Each element contains the following attributes:","description_kind":"plain","computed":true},"snapshot_name":{"type":"string","description":"Name of the snapshot to be queried.","description_kind":"plain","optional":true},"storage_id":{"type":"string","description":"ID of the the CBS which this snapshot created from.","description_kind":"plain","optional":true},"storage_usage":{"type":"string","description":"Types of CBS which this snapshot created from, and available values include SYSTEM_DISK and DATA_DISK.","description_kind":"plain","optional":true}},"description_kind":"plain"}},"tencentcloud_cbs_storages":{"version":0,"block":{"attributes":{"availability_zone":{"type":"string","description":"The available zone that the CBS instance locates at.","description_kind":"plain","optional":true},"id":{"type":"string","description_kind":"plain","optional":true,"computed":true},"project_id":{"type":"number","description":"ID of the project with which the CBS is associated.","description_kind":"plain","optional":true},"result_output_file":{"type":"string","description":"Used to save results.","description_kind":"plain","optional":true},"storage_id":{"type":"string","description":"ID of the CBS to be queried.","description_kind":"plain","optional":true},"storage_list":{"type":["list",["object",{"attached":"bool","availability_zone":"string","charge_type":"string","create_time":"string","encrypt":"bool","instance_id":"string","prepaid_renew_flag":"string","project_id":"number","status":"string","storage_id":"string","storage_name":"string","storage_size":"number","storage_type":"string","storage_usage":"string","tags":["map","string"]}]],"description":"A list of storage. Each element contains the following attributes:","description_kind":"plain","computed":true},"storage_name":{"type":"string","description":"Name of the CBS to be queried.","description_kind":"plain","optional":true},"storage_type":{"type":"string","description":"Types of storage medium, and available values include CLOUD_BASIC, CLOUD_PREMIUM and CLOUD_SSD.","description_kind":"plain","optional":true},"storage_usage":{"type":"string","description":"Types of CBS, and available values include SYSTEM_DISK and DATA_DISK.","description_kind":"plain","optional":true}},"description_kind":"plain"}},"tencentcloud_ccn_bandwidth_limits":{"version":0,"block":{"attributes":{"ccn_id":{"type":"string","description":"ID of the CCN to be queried.","description_kind":"plain","required":true},"id":{"type":"string","description_kind":"plain","optional":true,"computed":true},"limits":{"type":["list",["object",{"bandwidth_limit":"number","region":"string"}]],"description":"The bandwidth limits of regions:","description_kind":"plain","computed":true},"result_output_file":{"type":"string","description":"Used to save results.","description_kind":"plain","optional":true}},"description_kind":"plain"}},"tencentcloud_ccn_instances":{"version":0,"block":{"attributes":{"ccn_id":{"type":"string","description":"ID of the CCN to be queried.","description_kind":"plain","optional":true},"id":{"type":"string","description_kind":"plain","optional":true,"computed":true},"instance_list":{"type":["list",["object",{"attachment_list":["list",["object",{"attached_time":"string","cidr_block":["list","string"],"instance_id":"string","instance_region":"string","instance_type":"string","state":"string"}]],"ccn_id":"string","create_time":"string","description":"string","name":"string","qos":"string","state":"string"}]],"description":"Information list of CCN.","description_kind":"plain","computed":true},"name":{"type":"string","description":"Name of the CCN to be queried.","description_kind":"plain","optional":true},"result_output_file":{"type":"string","description":"Used to save results.","description_kind":"plain","optional":true}},"description_kind":"plain"}},"tencentcloud_cdn_domains":{"version":0,"block":{"attributes":{"domain":{"type":"string","description":"Acceleration domain name.","description_kind":"plain","optional":true},"domain_list":{"type":["list",["object",{"area":"string","cname":"string","create_time":"string","domain":"string","full_url_cache":"bool","https_config":["list",["object",{"http2_switch":"string","https_switch":"string","ocsp_stapling_switch":"string","spdy_switch":"string","verify_client":"string"}]],"id":"string","origin":["list",["object",{"backup_origin_list":["list","string"],"backup_origin_type":"string","backup_server_name":"string","cos_private_access":"string","origin_list":["list","string"],"origin_pull_protocol":"string","origin_type":"string","server_name":"string"}]],"project_id":"number","service_type":"string","status":"string","tags":["map","string"],"update_time":"string"}]],"description":"An information list of cdn domain. Each element contains the following attributes:","description_kind":"plain","computed":true},"full_url_cache":{"type":"bool","description":"Whether to enable full-path cache.","description_kind":"plain","optional":true},"https_switch":{"type":"string","description":"HTTPS configuration. The available value include `on`, `off` and `processing`.","description_kind":"plain","optional":true},"id":{"type":"string","description_kind":"plain","optional":true,"computed":true},"origin_pull_protocol":{"type":"string","description":"Origin-pull protocol configuration. The available value include `http`, `https` and `follow`.","description_kind":"plain","optional":true},"result_output_file":{"type":"string","description":"Used to save results.","description_kind":"plain","optional":true},"service_type":{"type":"string","description":"Service type of acceleration domain name. The available value include `web`, `download` and `media`.","description_kind":"plain","optional":true}},"description_kind":"plain"}},"tencentcloud_cfs_access_groups":{"version":0,"block":{"attributes":{"access_group_id":{"type":"string","description":"A specified access group ID used to query.","description_kind":"plain","optional":true},"access_group_list":{"type":["list",["object",{"access_group_id":"string","create_time":"string","description":"string","name":"string"}]],"description":"An information list of CFS access group. Each element contains the following attributes:","description_kind":"plain","computed":true},"id":{"type":"string","description_kind":"plain","optional":true,"computed":true},"name":{"type":"string","description":"A access group Name used to query.","description_kind":"plain","optional":true},"result_output_file":{"type":"string","description":"Used to save results.","description_kind":"plain","optional":true}},"description_kind":"plain"}},"tencentcloud_cfs_access_rules":{"version":0,"block":{"attributes":{"access_group_id":{"type":"string","description":"A specified access group ID used to query.","description_kind":"plain","required":true},"access_rule_id":{"type":"string","description":"A specified access rule ID used to query.","description_kind":"plain","optional":true},"access_rule_list":{"type":["list",["object",{"access_rule_id":"string","auth_client_ip":"string","priority":"number","rw_permission":"string","user_permission":"string"}]],"description":"An information list of CFS access rule. Each element contains the following attributes:","description_kind":"plain","computed":true},"id":{"type":"string","description_kind":"plain","optional":true,"computed":true},"result_output_file":{"type":"string","description":"Used to save results.","description_kind":"plain","optional":true}},"description_kind":"plain"}},"tencentcloud_cfs_file_systems":{"version":0,"block":{"attributes":{"availability_zone":{"type":"string","description":"The available zone that the file system locates at.","description_kind":"plain","optional":true},"file_system_id":{"type":"string","description":"A specified file system ID used to query.","description_kind":"plain","optional":true},"file_system_list":{"type":["list",["object",{"access_group_id":"string","availability_zone":"string","create_time":"string","file_system_id":"string","name":"string","protocol":"string","size_limit":"number","size_used":"number","status":"string","storage_type":"string"}]],"description":"An information list of cloud file system. Each element contains the following attributes:","description_kind":"plain","computed":true},"id":{"type":"string","description_kind":"plain","optional":true,"computed":true},"name":{"type":"string","description":"A file system name used to query.","description_kind":"plain","optional":true},"result_output_file":{"type":"string","description":"Used to save results.","description_kind":"plain","optional":true},"subnet_id":{"type":"string","description":"ID of a vpc subnetwork.","description_kind":"plain","optional":true},"vpc_id":{"type":"string","description":"ID of the vpc to be queried.","description_kind":"plain","optional":true}},"description_kind":"plain"}},"tencentcloud_ckafka_acls":{"version":0,"block":{"attributes":{"acl_list":{"type":["list",["object",{"host":"string","operation_type":"string","permission_type":"string","principal":"string","resource_name":"string","resource_type":"string"}]],"description":"A list of ckafka acls. Each element contains the following attributes:","description_kind":"plain","computed":true},"host":{"type":"string","description":"Host substr used for querying.","description_kind":"plain","optional":true},"id":{"type":"string","description_kind":"plain","optional":true,"computed":true},"instance_id":{"type":"string","description":"Id of the ckafka instance.","description_kind":"plain","required":true},"resource_name":{"type":"string","description":"ACL resource name, which is related to `resource_type`. For example, if `resource_type` is `TOPIC`, this field indicates the topic name; if `resource_type` is `GROUP`, this field indicates the group name.","description_kind":"plain","required":true},"resource_type":{"type":"string","description":"ACL resource type. Valid values are `UNKNOWN`, `ANY`, `TOPIC`, `GROUP`, `CLUSTER`, `TRANSACTIONAL_ID`. Currently, only `TOPIC` is available, and other fields will be used for future ACLs compatible with open-source Kafka.","description_kind":"plain","required":true},"result_output_file":{"type":"string","description":"Used to save results.","description_kind":"plain","optional":true}},"description_kind":"plain"}},"tencentcloud_ckafka_topics":{"version":0,"block":{"attributes":{"id":{"type":"string","description_kind":"plain","optional":true,"computed":true},"instance_id":{"type":"string","description":"Ckafka instance ID.","description_kind":"plain","required":true},"instance_list":{"type":["list",["object",{"clean_up_policy":"string","create_time":"string","enable_white_list":"bool","forward_cos_bucket":"string","forward_interval":"number","forward_status":"number","ip_white_list_count":"number","max_message_bytes":"number","note":"string","partition_num":"number","replica_num":"number","retention":"number","segment":"number","segment_bytes":"number","sync_replica_min_num":"number","topic_id":"string","topic_name":"string","unclean_leader_election_enable":"bool"}]],"description":"A list of instances. Each element contains the following attributes.","description_kind":"plain","computed":true},"result_output_file":{"type":"string","description":"Used to store results.","description_kind":"plain","optional":true},"topic_name":{"type":"string","description":"Name of the CKafka topic. It must start with a letter, the rest can contain letters, numbers and dashes(-). The length range is from 1 to 64.","description_kind":"plain","optional":true}},"description_kind":"plain"}},"tencentcloud_ckafka_users":{"version":0,"block":{"attributes":{"account_name":{"type":"string","description":"Account name used when query ckafka users' infos. Could be a substr of user name.","description_kind":"plain","optional":true},"id":{"type":"string","description_kind":"plain","optional":true,"computed":true},"instance_id":{"type":"string","description":"Id of the ckafka instance.","description_kind":"plain","required":true},"result_output_file":{"type":"string","description":"Used to save results.","description_kind":"plain","optional":true},"user_list":{"type":["list",["object",{"account_name":"string","create_time":"string","update_time":"string"}]],"description":"A list of ckafka users. Each element contains the following attributes:","description_kind":"plain","computed":true}},"description_kind":"plain"}},"tencentcloud_clb_attachments":{"version":0,"block":{"attributes":{"attachment_list":{"type":["list",["object",{"clb_id":"string","listener_id":"string","protocol_type":"string","rule_id":"string","targets":["set",["object",{"instance_id":"string","port":"number","weight":"number"}]]}]],"description":"A list of cloud load balancer attachment configurations. Each element contains the following attributes:","description_kind":"plain","computed":true},"clb_id":{"type":"string","description":"Id of the CLB to be queried.","description_kind":"plain","required":true},"id":{"type":"string","description_kind":"plain","optional":true,"computed":true},"listener_id":{"type":"string","description":"Id of the CLB listener to be queried.","description_kind":"plain","required":true},"result_output_file":{"type":"string","description":"Used to save results.","description_kind":"plain","optional":true},"rule_id":{"type":"string","description":"Id of the CLB listener rule. If the protocol of listener is HTTP/HTTPS, this para is required.","description_kind":"plain","optional":true}},"description_kind":"plain"}},"tencentcloud_clb_instances":{"version":0,"block":{"attributes":{"clb_id":{"type":"string","description":"Id of the CLB to be queried.","description_kind":"plain","optional":true},"clb_list":{"type":["list",["object",{"clb_id":"string","clb_name":"string","clb_vips":["list","string"],"create_time":"string","network_type":"string","project_id":"number","security_groups":["list","string"],"status":"number","status_time":"string","subnet_id":"string","tags":["map","string"],"target_region_info_region":"string","target_region_info_vpc_id":"string","vpc_id":"string"}]],"description":"A list of cloud load balancers. Each element contains the following attributes:","description_kind":"plain","computed":true},"clb_name":{"type":"string","description":"Name of the CLB to be queried.","description_kind":"plain","optional":true},"id":{"type":"string","description_kind":"plain","optional":true,"computed":true},"network_type":{"type":"string","description":"Type of CLB instance, and available values include 'OPEN' and 'INTERNAL'.","description_kind":"plain","optional":true},"project_id":{"type":"number","description":"Project id of the CLB.","description_kind":"plain","optional":true},"result_output_file":{"type":"string","description":"Used to save results.","description_kind":"plain","optional":true}},"description_kind":"plain"}},"tencentcloud_clb_listener_rules":{"version":0,"block":{"attributes":{"clb_id":{"type":"string","description":"Id of the CLB to be queried.","description_kind":"plain","required":true},"domain":{"type":"string","description":"Domain name of the forwarding rule to be queried.","description_kind":"plain","optional":true},"id":{"type":"string","description_kind":"plain","optional":true,"computed":true},"listener_id":{"type":"string","description":"Id of the CLB listener to be queried.","description_kind":"plain","required":true},"result_output_file":{"type":"string","description":"Used to save results.","description_kind":"plain","optional":true},"rule_id":{"type":"string","description":"Id of the forwarding rule to be queried.","description_kind":"plain","optional":true},"rule_list":{"type":["list",["object",{"certificate_ca_id":"string","certificate_id":"string","certificate_ssl_mode":"string","clb_id":"string","domain":"string","health_check_health_num":"number","health_check_http_code":"number","health_check_http_domain":"string","health_check_http_method":"string","health_check_http_path":"string","health_check_interval_time":"number","health_check_switch":"bool","health_check_unhealth_num":"number","listener_id":"string","rule_id":"string","scheduler":"string","session_expire_time":"number","url":"string"}]],"description":"A list of forward rules of listeners. Each element contains the following attributes:","description_kind":"plain","computed":true},"scheduler":{"type":"string","description":"Scheduling method of the forwarding rule of thr CLB listener, and available values include 'WRR', 'IP HASH' and 'LEAST_CONN'. The default is 'WRR'.","description_kind":"plain","optional":true},"url":{"type":"string","description":"Url of the forwarding rule to be queried.","description_kind":"plain","optional":true}},"description_kind":"plain"}},"tencentcloud_clb_listeners":{"version":0,"block":{"attributes":{"clb_id":{"type":"string","description":"Id of the CLB to be queried.","description_kind":"plain","required":true},"id":{"type":"string","description_kind":"plain","optional":true,"computed":true},"listener_id":{"type":"string","description":"Id of the listener to be queried.","description_kind":"plain","optional":true},"listener_list":{"type":["list",["object",{"certificate_ca_id":"string","certificate_id":"string","certificate_ssl_mode":"string","clb_id":"string","health_check_health_num":"number","health_check_interval_time":"number","health_check_switch":"bool","health_check_time_out":"number","health_check_unhealth_num":"number","listener_id":"string","listener_name":"string","port":"number","protocol":"string","scheduler":"string","session_expire_time":"number","sni_switch":"bool"}]],"description":"A list of listeners of cloud load balancers. Each element contains the following attributes:","description_kind":"plain","computed":true},"port":{"type":"number","description":"Port of the CLB listener.","description_kind":"plain","optional":true},"protocol":{"type":"string","description":"Type of protocol within the listener, and available values are 'TCP', 'UDP', 'HTTP', 'HTTPS' and 'TCP_SSL'.","description_kind":"plain","optional":true},"result_output_file":{"type":"string","description":"Used to save results.","description_kind":"plain","optional":true}},"description_kind":"plain"}},"tencentcloud_clb_redirections":{"version":0,"block":{"attributes":{"clb_id":{"type":"string","description":"Id of the CLB to be queried.","description_kind":"plain","required":true},"id":{"type":"string","description_kind":"plain","optional":true,"computed":true},"redirection_list":{"type":["list",["object",{"clb_id":"string","source_listener_id":"string","source_rule_id":"string","target_listener_id":"string","target_rule_id":"string"}]],"description":"A list of cloud load balancer redirection configurations. Each element contains the following attributes:","description_kind":"plain","computed":true},"result_output_file":{"type":"string","description":"Used to save results.","description_kind":"plain","optional":true},"source_listener_id":{"type":"string","description":"Id of source listener to be queried.","description_kind":"plain","required":true},"source_rule_id":{"type":"string","description":"Rule id of source listener to be queried.","description_kind":"plain","required":true},"target_listener_id":{"type":"string","description":"Id of target listener to be queried.","description_kind":"plain","optional":true},"target_rule_id":{"type":"string","description":"Rule id of target listener to be queried.","description_kind":"plain","optional":true}},"description_kind":"plain"}},"tencentcloud_container_cluster_instances":{"version":0,"block":{"attributes":{"cluster_id":{"type":"string","description":"An id identify the cluster, like cls-xxxxxx.","description_kind":"plain","required":true},"id":{"type":"string","description_kind":"plain","optional":true,"computed":true},"limit":{"type":"number","description":"An int variable describe how many instances in return at most.","description_kind":"plain","optional":true},"nodes":{"type":["list",["object",{"abnormal_reason":"string","cpu":"number","instance_id":"string","is_normal":"number","lan_ip":"string","mem":"number","wan_ip":"string"}]],"description":"An information list of kubernetes instances.","description_kind":"plain","computed":true},"total_count":{"type":"number","description":"Number of instances.","description_kind":"plain","computed":true}},"description_kind":"plain","deprecated":true}},"tencentcloud_container_clusters":{"version":0,"block":{"attributes":{"cluster_id":{"type":"string","description":"An id identify the cluster, like `cls-xxxxxx`.","description_kind":"plain","optional":true},"clusters":{"type":["list",["object",{"cluster_id":"string","cluster_name":"string","description":"string","kubernetes_version":"string","nodes_num":"number","nodes_status":"string","security_certification_authority":"string","security_cluster_external_endpoint":"string","security_password":"string","security_username":"string","total_cpu":"number","total_mem":"number"}]],"description":"An information list of kubernetes clusters.","description_kind":"plain","computed":true},"id":{"type":"string","description_kind":"plain","optional":true,"computed":true},"limit":{"type":"number","description":"An int variable describe how many cluster in return at most.","description_kind":"plain","optional":true},"total_count":{"type":"number","description":"Number of clusters.","description_kind":"plain","computed":true}},"description_kind":"plain","deprecated":true}},"tencentcloud_cos_bucket_object":{"version":0,"block":{"attributes":{"bucket":{"type":"string","description":"Name of the bucket that contains the objects to query.","description_kind":"plain","required":true},"cache_control":{"type":"string","description":"Specifies caching behavior along the request/reply chain.","description_kind":"plain","computed":true},"content_disposition":{"type":"string","description":"Specifies presentational information for the object.","description_kind":"plain","computed":true},"content_encoding":{"type":"string","description":"Specifies what content encodings have been applied to the object and thus what decoding mechanisms must be applied to obtain the media-type referenced by the Content-Type header field.","description_kind":"plain","computed":true},"content_type":{"type":"string","description":"A standard MIME type describing the format of the object data.","description_kind":"plain","computed":true},"etag":{"type":"string","description":"ETag generated for the object, which is may not equal to MD5 value.","description_kind":"plain","computed":true},"id":{"type":"string","description_kind":"plain","optional":true,"computed":true},"key":{"type":"string","description":"The full path to the object inside the bucket.","description_kind":"plain","required":true},"last_modified":{"type":"string","description":"Last modified date of the object.","description_kind":"plain","computed":true},"result_output_file":{"type":"string","description":"Used to save results.","description_kind":"plain","optional":true},"storage_class":{"type":"string","description":"Object storage type such as STANDARD.","description_kind":"plain","computed":true}},"description_kind":"plain"}},"tencentcloud_cos_buckets":{"version":0,"block":{"attributes":{"bucket_list":{"type":["list",["object",{"bucket":"string","cors_rules":["list",["object",{"allowed_headers":["list","string"],"allowed_methods":["list","string"],"allowed_origins":["list","string"],"expose_headers":["list","string"],"max_age_seconds":"number"}]],"lifecycle_rules":["list",["object",{"expiration":["list",["object",{"date":"string","days":"number"}]],"filter_prefix":"string","transition":["list",["object",{"date":"string","days":"number","storage_class":"string"}]]}]],"tags":["map","string"],"website":["list",["object",{"error_document":"string","index_document":"string"}]]}]],"description":"A list of bucket. Each element contains the following attributes:","description_kind":"plain","computed":true},"bucket_prefix":{"type":"string","description":"A prefix string to filter results by bucket name.","description_kind":"plain","optional":true},"id":{"type":"string","description_kind":"plain","optional":true,"computed":true},"result_output_file":{"type":"string","description":"Used to save results.","description_kind":"plain","optional":true},"tags":{"type":["map","string"],"description":"Tags to filter bucket.","description_kind":"plain","optional":true}},"description_kind":"plain"}},"tencentcloud_dayu_cc_http_policies":{"version":0,"block":{"attributes":{"id":{"type":"string","description_kind":"plain","optional":true,"computed":true},"list":{"type":["list",["object",{"action":"string","create_time":"string","frequency":"number","ip_list":["list","string"],"name":"string","policy_id":"string","resource_id":"string","resource_type":"string","rule_list":["list",["object",{"operator":"string","skey":"string","value":"string"}]],"smode":"string","switch":"bool"}]],"description":"A list of CC http policies. Each element contains the following attributes:","description_kind":"plain","computed":true},"name":{"type":"string","description":"Name of the CC http policy to be queried.","description_kind":"plain","optional":true},"policy_id":{"type":"string","description":"Id of the CC http policy to be queried.","description_kind":"plain","optional":true},"resource_id":{"type":"string","description":"Id of the resource that the CC http policy works for.","description_kind":"plain","required":true},"resource_type":{"type":"string","description":"Type of the resource that the CC http policy works for, valid values are `bgpip`, `bgp`, `bgp-multip` and `net`.","description_kind":"plain","required":true},"result_output_file":{"type":"string","description":"Used to save results.","description_kind":"plain","optional":true}},"description_kind":"plain"}},"tencentcloud_dayu_cc_https_policies":{"version":0,"block":{"attributes":{"id":{"type":"string","description_kind":"plain","optional":true,"computed":true},"list":{"type":["list",["object",{"action":"string","create_time":"string","domain":"string","ip_list":["list","string"],"name":"string","policy_id":"string","resource_id":"string","resource_type":"string","rule_id":"string","rule_list":["list",["object",{"operator":"string","skey":"string","value":"string"}]],"switch":"bool"}]],"description":"A list of CC https policies. Each element contains the following attributes:","description_kind":"plain","computed":true},"name":{"type":"string","description":"Name of the CC https policy to be queried.","description_kind":"plain","optional":true},"policy_id":{"type":"string","description":"Id of the CC https policy to be queried.","description_kind":"plain","optional":true},"resource_id":{"type":"string","description":"Id of the resource that the CC https policy works for.","description_kind":"plain","required":true},"resource_type":{"type":"string","description":"Type of the resource that the CC https policy works for, valid value is `bgpip`.","description_kind":"plain","required":true},"result_output_file":{"type":"string","description":"Used to save results.","description_kind":"plain","optional":true}},"description_kind":"plain"}},"tencentcloud_dayu_ddos_policies":{"version":0,"block":{"attributes":{"id":{"type":"string","description_kind":"plain","optional":true,"computed":true},"list":{"type":["list",["object",{"black_ips":["set","string"],"create_time":"string","drop_options":["list",["object",{"bad_conn_threshold":"number","check_sync_conn":"bool","conn_timeout":"number","d_conn_limit":"number","d_new_limit":"number","drop_abroad":"bool","drop_icmp":"bool","drop_other":"bool","drop_tcp":"bool","drop_udp":"bool","icmp_mbps_limit":"number","null_conn_enable":"bool","other_mbps_limit":"number","s_conn_limit":"number","s_new_limit":"number","syn_limit":"number","syn_rate":"number","tcp_mbps_limit":"number","udp_mbps_limit":"number"}]],"name":"string","packet_filters":["list",["object",{"action":"string","d_end_port":"number","d_start_port":"number","depth":"number","is_include":"bool","match_begin":"string","match_str":"string","match_type":"string","offset":"number","pkt_length_max":"number","pkt_length_min":"number","protocol":"string","s_end_port":"number","s_start_port":"number"}]],"policy_id":"string","port_filters":["list",["object",{"action":"string","end_port":"number","kind":"number","protocol":"string","start_port":"number"}]],"scene_id":"string","watermark_filters":["list",["object",{"auto_remove":"bool","offset":"number","open_switch":"bool","tcp_port_list":["list","string"],"udp_port_list":["list","string"]}]],"watermark_key":["list",["object",{"content":"string","create_time":"string","id":"string","open_switch":"bool"}]],"white_ips":["set","string"]}]],"description":"A list of DDoS policies. Each element contains the following attributes:","description_kind":"plain","computed":true},"policy_id":{"type":"string","description":"Id of the DDoS policy to be query.","description_kind":"plain","optional":true},"resource_type":{"type":"string","description":"Type of the resource that the DDoS policy works for, valid values are `bgpip`, `bgp`, `bgp-multip` and `net`.","description_kind":"plain","required":true},"result_output_file":{"type":"string","description":"Used to save results.","description_kind":"plain","optional":true}},"description_kind":"plain"}},"tencentcloud_dayu_ddos_policy_attachments":{"version":0,"block":{"attributes":{"dayu_ddos_policy_attachment_list":{"type":["list",["object",{"policy_id":"string","resource_id":"string","resource_type":"string"}]],"description":"A list of dayu DDoS policy attachments. Each element contains the following attributes:","description_kind":"plain","computed":true},"id":{"type":"string","description_kind":"plain","optional":true,"computed":true},"policy_id":{"type":"string","description":"Id of the policy to be queried.","description_kind":"plain","optional":true},"resource_id":{"type":"string","description":"Id of the attached resource to be queried.","description_kind":"plain","optional":true},"resource_type":{"type":"string","description":"Type of the resource that the DDoS policy works for, valid values are `bgpip`, `bgp`, `bgp-multip` and `net`.","description_kind":"plain","required":true},"result_output_file":{"type":"string","description":"Used to save results.","description_kind":"plain","optional":true}},"description_kind":"plain"}},"tencentcloud_dayu_ddos_policy_cases":{"version":0,"block":{"attributes":{"id":{"type":"string","description_kind":"plain","optional":true,"computed":true},"list":{"type":["list",["object",{"app_protocols":["list","string"],"app_type":"string","create_time":"string","has_abroad":"string","has_initiate_tcp":"string","has_initiate_udp":"string","has_vpn":"string","max_tcp_package_len":"string","max_udp_package_len":"string","min_tcp_package_len":"string","min_udp_package_len":"string","name":"string","peer_tcp_port":"string","peer_udp_port":"string","platform_types":["list","string"],"resource_type":"string","scene_id":"string","tcp_end_port":"string","tcp_footprint":"string","tcp_start_port":"string","udp_end_port":"string","udp_footprint":"string","udp_start_port":"string","web_api_urls":["list","string"]}]],"description":"A list of DDoS policy cases. Each element contains the following attributes:","description_kind":"plain","computed":true},"resource_type":{"type":"string","description":"Type of the resource that the DDoS policy case works for, valid values are `bgpip`, `bgp`, `bgp-multip` and `net`.","description_kind":"plain","required":true},"result_output_file":{"type":"string","description":"Used to save results.","description_kind":"plain","optional":true},"scene_id":{"type":"string","description":"Id of the DDoS policy case to be query.","description_kind":"plain","required":true}},"description_kind":"plain"}},"tencentcloud_dayu_l4_rules":{"version":0,"block":{"attributes":{"id":{"type":"string","description_kind":"plain","optional":true,"computed":true},"list":{"type":["list",["object",{"d_port":"number","health_check_health_num":"number","health_check_interval":"number","health_check_switch":"bool","health_check_timeout":"number","health_check_unhealth_num":"number","lb_type":"number","name":"string","protocol":"string","rule_id":"string","s_port":"number","session_switch":"bool","session_time":"number","source_list":["list",["object",{"source":"string","weight":"number"}]],"source_type":"number"}]],"description":"A list of layer 4 rules. Each element contains the following attributes:","description_kind":"plain","computed":true},"name":{"type":"string","description":"Name of the layer 4 rule to be queried.","description_kind":"plain","optional":true},"resource_id":{"type":"string","description":"Id of the resource that the layer 4 rule works for.","description_kind":"plain","required":true},"resource_type":{"type":"string","description":"Type of the resource that the layer 4 rule works for, valid values are `bgpip`, `bgp`, `bgp-multip` and `net`.","description_kind":"plain","required":true},"result_output_file":{"type":"string","description":"Used to save results.","description_kind":"plain","optional":true},"rule_id":{"type":"string","description":"Id of the layer 4 rule to be queried.","description_kind":"plain","optional":true}},"description_kind":"plain"}},"tencentcloud_dayu_l7_rules":{"version":0,"block":{"attributes":{"domain":{"type":"string","description":"Domain of the layer 7 rule to be queried.","description_kind":"plain","optional":true},"id":{"type":"string","description_kind":"plain","optional":true,"computed":true},"list":{"type":["list",["object",{"domain":"string","health_check_code":"number","health_check_health_num":"number","health_check_interval":"number","health_check_method":"string","health_check_path":"string","health_check_switch":"bool","health_check_unhealth_num":"number","name":"string","protocol":"string","rule_id":"string","source_list":["list","string"],"source_type":"number","ssl_id":"string","status":"number","switch":"bool","threshold":"number"}]],"description":"A list of layer 7 rules. Each element contains the following attributes:","description_kind":"plain","computed":true},"resource_id":{"type":"string","description":"Id of the resource that the layer 7 rule works for.","description_kind":"plain","required":true},"resource_type":{"type":"string","description":"Type of the resource that the layer 7 rule works for, valid value is `bgpip`.","description_kind":"plain","required":true},"result_output_file":{"type":"string","description":"Used to save results.","description_kind":"plain","optional":true},"rule_id":{"type":"string","description":"Id of the layer 7 rule to be queried.","description_kind":"plain","optional":true}},"description_kind":"plain"}},"tencentcloud_dc_gateway_ccn_routes":{"version":0,"block":{"attributes":{"dcg_id":{"type":"string","description":"ID of the DCG to be queried.","description_kind":"plain","required":true},"id":{"type":"string","description_kind":"plain","optional":true,"computed":true},"instance_list":{"type":["list",["object",{"as_path":["list","string"],"cidr_block":"string","dcg_id":"string","route_id":"string"}]],"description":"Information list of the DCG route entries.","description_kind":"plain","computed":true},"result_output_file":{"type":"string","description":"Used to save results.","description_kind":"plain","optional":true}},"description_kind":"plain"}},"tencentcloud_dc_gateway_instances":{"version":0,"block":{"attributes":{"dcg_id":{"type":"string","description":"ID of the DCG to be queried.","description_kind":"plain","optional":true},"id":{"type":"string","description_kind":"plain","optional":true,"computed":true},"instance_list":{"type":["list",["object",{"cnn_route_type":"string","create_time":"string","dcg_id":"string","dcg_ip":"string","enable_bgp":"bool","gateway_type":"string","name":"string","network_instance_id":"string","network_type":"string"}]],"description":"Information list of the DCG.","description_kind":"plain","computed":true},"name":{"type":"string","description":"Name of the DCG to be queried.","description_kind":"plain","optional":true},"result_output_file":{"type":"string","description":"Used to save results.","description_kind":"plain","optional":true}},"description_kind":"plain"}},"tencentcloud_dc_instances":{"version":0,"block":{"attributes":{"dc_id":{"type":"string","description":"ID of the DC to be queried.","description_kind":"plain","optional":true},"id":{"type":"string","description_kind":"plain","optional":true,"computed":true},"instance_list":{"type":["list",["object",{"access_point_id":"string","bandwidth":"number","circuit_code":"string","create_time":"string","customer_address":"string","customer_email":"string","customer_name":"string","customer_phone":"string","dc_id":"string","enabled_time":"string","expired_time":"string","fault_report_contact_person":"string","fault_report_contact_phone":"string","line_operator":"string","location":"string","name":"string","port_type":"string","redundant_dc_id":"string","state":"string","tencent_address":"string"}]],"description":"Information list of the DC.","description_kind":"plain","computed":true},"name":{"type":"string","description":"Name of the DC to be queried.","description_kind":"plain","optional":true},"result_output_file":{"type":"string","description":"Used to save results.","description_kind":"plain","optional":true}},"description_kind":"plain"}},"tencentcloud_dcx_instances":{"version":0,"block":{"attributes":{"dcx_id":{"type":"string","description":"ID of the dedicated tunnels to be queried.","description_kind":"plain","optional":true},"id":{"type":"string","description_kind":"plain","optional":true,"computed":true},"instance_list":{"type":["list",["object",{"bandwidth":"number","bgp_asn":"number","bgp_auth_key":"string","create_time":"string","customer_address":"string","dc_id":"string","dcg_id":"string","dcx_id":"string","name":"string","network_region":"string","network_type":"string","route_filter_prefixes":["list","string"],"route_type":"string","state":"string","tencent_address":"string","vlan":"number","vpc_id":"string"}]],"description":"Information list of the dedicated tunnels.","description_kind":"plain","computed":true},"name":{"type":"string","description":"Name of the dedicated tunnels to be queried.","description_kind":"plain","optional":true},"result_output_file":{"type":"string","description":"Used to save results.","description_kind":"plain","optional":true}},"description_kind":"plain"}},"tencentcloud_dnats":{"version":0,"block":{"attributes":{"description":{"type":"string","description":"Description of the NAT forward.","description_kind":"plain","optional":true},"dnat_list":{"type":["list",["object",{"description":"string","elastic_ip":"string","elastic_port":"string","nat_id":"string","private_ip":"string","private_port":"string","protocol":"string","vpc_id":"string"}]],"description":"Information list of the DNATs.","description_kind":"plain","computed":true},"elastic_ip":{"type":"string","description":"Network address of the EIP.","description_kind":"plain","optional":true},"elastic_port":{"type":"string","description":"Port of the EIP.","description_kind":"plain","optional":true},"id":{"type":"string","description_kind":"plain","optional":true,"computed":true},"nat_id":{"type":"string","description":"Id of the NAT gateway.","description_kind":"plain","optional":true},"private_ip":{"type":"string","description":"Network address of the backend service.","description_kind":"plain","optional":true},"private_port":{"type":"string","description":"Port of intranet.","description_kind":"plain","optional":true},"result_output_file":{"type":"string","description":"Used to save results.","description_kind":"plain","optional":true},"vpc_id":{"type":"string","description":"Id of the VPC.","description_kind":"plain","optional":true}},"description_kind":"plain"}},"tencentcloud_eip":{"version":0,"block":{"attributes":{"id":{"type":"string","description":"An EIP id indicate the uniqueness of a certain EIP,  which can be used for instance binding or network interface binding.","description_kind":"plain","computed":true},"include_arrears":{"type":"bool","description":"Whether the IP is arrears.","description_kind":"plain","optional":true},"include_blocked":{"type":"bool","description":"Whether the IP is blocked.","description_kind":"plain","optional":true},"public_ip":{"type":"string","description":"An public IP address for the EIP.","description_kind":"plain","computed":true},"status":{"type":"string","description":"The status of the EIP, there are several status like `BIND`, `UNBIND`, and `BIND_ENI`.","description_kind":"plain","computed":true}},"block_types":{"filter":{"nesting_mode":"set","block":{"attributes":{"name":{"type":"string","description":"Key of the filter, valid keys: `address-id`,`address-name`,`address-ip`.","description_kind":"plain","required":true},"values":{"type":["list","string"],"description":"Value of the filter.","description_kind":"plain","required":true}},"description":"One or more name/value pairs to filter.","description_kind":"plain"}}},"description_kind":"plain","deprecated":true}},"tencentcloud_eips":{"version":0,"block":{"attributes":{"eip_id":{"type":"string","description":"ID of the eip to be queried.","description_kind":"plain","optional":true},"eip_list":{"type":["list",["object",{"create_time":"string","eip_id":"string","eip_name":"string","eip_type":"string","eni_id":"string","instance_id":"string","public_ip":"string","status":"string","tags":["map","string"]}]],"description":"An information list of eip. Each element contains the following attributes:","description_kind":"plain","computed":true},"eip_name":{"type":"string","description":"Name of the eip to be queried.","description_kind":"plain","optional":true},"id":{"type":"string","description_kind":"plain","optional":true,"computed":true},"public_ip":{"type":"string","description":"The elastic ip address.","description_kind":"plain","optional":true},"result_output_file":{"type":"string","description":"Used to save results.","description_kind":"plain","optional":true},"tags":{"type":["map","string"],"description":"The tags of eip.","description_kind":"plain","optional":true}},"description_kind":"plain"}},"tencentcloud_elasticsearch_instances":{"version":0,"block":{"attributes":{"id":{"type":"string","description_kind":"plain","optional":true,"computed":true},"instance_id":{"type":"string","description":"ID of the instance to be queried.","description_kind":"plain","optional":true},"instance_list":{"type":["list",["object",{"availability_zone":"string","basic_security_type":"number","charge_type":"string","create_time":"string","deploy_mode":"number","elasticsearch_domain":"string","elasticsearch_port":"number","elasticsearch_vip":"string","instance_id":"string","instance_name":"string","kibana_url":"string","license_type":"string","multi_zone_infos":["list",["object",{"availability_zone":"string","subnet_id":"string"}]],"node_info_list":["list",["object",{"disk_size":"number","disk_type":"string","node_num":"number","node_type":"string","type":"string"}]],"subnet_id":"string","tags":["map","string"],"version":"string","vpc_id":"string"}]],"description":"An information list of elasticsearch instance. Each element contains the following attributes:","description_kind":"plain","computed":true},"instance_name":{"type":"string","description":"Name of the instance to be queried.","description_kind":"plain","optional":true},"result_output_file":{"type":"string","description":"Used to save results.","description_kind":"plain","optional":true},"tags":{"type":["map","string"],"description":"Tag of the instance to be queried.","description_kind":"plain","optional":true}},"description_kind":"plain"}},"tencentcloud_enis":{"version":0,"block":{"attributes":{"description":{"type":"string","description":"Description of the ENI. Conflict with `ids`.","description_kind":"plain","optional":true},"enis":{"type":["list",["object",{"create_time":"string","description":"string","id":"string","instance_id":"string","ipv4s":["list",["object",{"description":"string","ip":"string","primary":"bool"}]],"mac":"string","name":"string","primary":"bool","security_groups":["list","string"],"state":"string","subnet_id":"string","tags":["map","string"],"vpc_id":"string"}]],"description":"An information list of ENIs. Each element contains the following attributes:","description_kind":"plain","computed":true},"id":{"type":"string","description_kind":"plain","optional":true,"computed":true},"ids":{"type":["set","string"],"description":"ID of the ENIs to be queried. Conflict with `vpc_id`,`subnet_id`,`instance_id`,`security_group`,`name`,`ipv4` and `tags`.","description_kind":"plain","optional":true},"instance_id":{"type":"string","description":"ID of the instance which bind the ENI. Conflict with `ids`.","description_kind":"plain","optional":true},"ipv4":{"type":"string","description":"Intranet IP of the ENI. Conflict with `ids`.","description_kind":"plain","optional":true},"name":{"type":"string","description":"Name of the ENI to be queried. Conflict with `ids`.","description_kind":"plain","optional":true},"result_output_file":{"type":"string","description":"Used to save results.","description_kind":"plain","optional":true},"security_group":{"type":"string","description":"A set of security group IDs which bind the ENI. Conflict with `ids`.","description_kind":"plain","optional":true},"subnet_id":{"type":"string","description":"ID of the subnet within this vpc to be queried. Conflict with `ids`.","description_kind":"plain","optional":true},"tags":{"type":["map","string"],"description":"Tags of the ENI. Conflict with `ids`.","description_kind":"plain","optional":true},"vpc_id":{"type":"string","description":"ID of the vpc to be queried. Conflict with `ids`.","description_kind":"plain","optional":true}},"description_kind":"plain"}},"tencentcloud_gaap_certificates":{"version":0,"block":{"attributes":{"certificates":{"type":["list",["object",{"begin_time":"string","create_time":"string","end_time":"string","id":"string","issuer_cn":"string","name":"string","subject_cn":"string","type":"string"}]],"description":"An information list of certificate. Each element contains the following attributes:","description_kind":"plain","computed":true},"id":{"type":"string","description":"ID of the certificate to be queried.","description_kind":"plain","optional":true},"name":{"type":"string","description":"Name of the certificate to be queried.","description_kind":"plain","optional":true},"result_output_file":{"type":"string","description":"Used to save results.","description_kind":"plain","optional":true},"type":{"type":"string","description":"Type of the certificate to be queried, the available values include `BASIC`, `CLIENT`, `SERVER`, `REALSERVER` and `PROXY`; `BASIC` means basic certificate; `CLIENT` means client CA certificate; `SERVER` means server SSL certificate; `REALSERVER` means realserver CA certificate; `PROXY` means proxy SSL certificate.","description_kind":"plain","optional":true}},"description_kind":"plain"}},"tencentcloud_gaap_domain_error_pages":{"version":0,"block":{"attributes":{"domain":{"type":"string","description":"HTTP domain to be queried.","description_kind":"plain","required":true},"error_page_info_list":{"type":["list",["object",{"body":"string","clear_headers":["list","string"],"domain":"string","error_codes":["list","number"],"id":"string","listener_id":"string","new_error_codes":"number","set_headers":["map","string"]}]],"description":"An information list of error page info detail. Each element contains the following attributes:","description_kind":"plain","computed":true},"id":{"type":"string","description_kind":"plain","optional":true,"computed":true},"ids":{"type":["set","string"],"description":"List of the error page info ID to be queried.","description_kind":"plain","optional":true},"listener_id":{"type":"string","description":"ID of the layer7 listener to be queried.","description_kind":"plain","required":true},"result_output_file":{"type":"string","description":"Used to save results.","description_kind":"plain","optional":true}},"description_kind":"plain"}},"tencentcloud_gaap_http_domains":{"version":0,"block":{"attributes":{"domain":{"type":"string","description":"Forward domain of the layer7 listener to be queried.","description_kind":"plain","required":true},"domains":{"type":["list",["object",{"basic_auth":"bool","basic_auth_id":"string","certificate_id":"string","client_certificate_id":"string","client_certificate_ids":["list","string"],"domain":"string","gaap_auth":"bool","gaap_auth_id":"string","realserver_auth":"bool","realserver_certificate_domain":"string","realserver_certificate_id":"string","realserver_certificate_ids":["list","string"]}]],"description":"An information list of forward domain of the layer7 listeners. Each element contains the following attributes:","description_kind":"plain","computed":true},"id":{"type":"string","description_kind":"plain","optional":true,"computed":true},"listener_id":{"type":"string","description":"ID of the layer7 listener to be queried.","description_kind":"plain","required":true},"result_output_file":{"type":"string","description":"Used to save results.","description_kind":"plain","optional":true}},"description_kind":"plain"}},"tencentcloud_gaap_http_rules":{"version":0,"block":{"attributes":{"domain":{"type":"string","description":"Forward domain of the layer7 listener to be queried.","description_kind":"plain","optional":true},"forward_host":{"type":"string","description":"Requested host which is forwarded to the realserver by the listener to be queried.","description_kind":"plain","optional":true},"id":{"type":"string","description_kind":"plain","optional":true,"computed":true},"listener_id":{"type":"string","description":"ID of the layer7 listener to be queried.","description_kind":"plain","required":true},"path":{"type":"string","description":"Path of the forward rule to be queried.","description_kind":"plain","optional":true},"result_output_file":{"type":"string","description":"Used to save results.","description_kind":"plain","optional":true},"rules":{"type":["set",["object",{"connect_timeout":"number","domain":"string","forward_host":"string","health_check":"bool","health_check_method":"string","health_check_path":"string","health_check_status_codes":["list","number"],"id":"string","interval":"number","listener_id":"string","path":"string","realserver_type":"string","realservers":["list",["object",{"domain":"string","id":"string","ip":"string","port":"number","status":"number","weight":"number"}]],"scheduler":"string"}]],"description":"An information list of forward rule of the layer7 listeners. Each element contains the following attributes:","description_kind":"plain","computed":true}},"description_kind":"plain"}},"tencentcloud_gaap_layer4_listeners":{"version":0,"block":{"attributes":{"id":{"type":"string","description_kind":"plain","optional":true,"computed":true},"listener_id":{"type":"string","description":"ID of the layer4 listener to be queried.","description_kind":"plain","optional":true},"listener_name":{"type":"string","description":"Name of the layer4 listener to be queried.","description_kind":"plain","optional":true},"listeners":{"type":["list",["object",{"connect_timeout":"number","create_time":"string","health_check":"bool","id":"string","interval":"number","name":"string","port":"number","protocol":"string","realserver_type":"string","scheduler":"string","status":"number"}]],"description":"An information list of layer4 listeners. Each element contains the following attributes:","description_kind":"plain","computed":true},"port":{"type":"number","description":"Port of the layer4 listener to be queried.","description_kind":"plain","optional":true},"protocol":{"type":"string","description":"Protocol of the layer4 listener to be queried, the available values include `TCP` and `UDP`.","description_kind":"plain","required":true},"proxy_id":{"type":"string","description":"ID of the GAAP proxy to be queried.","description_kind":"plain","optional":true},"result_output_file":{"type":"string","description":"Used to save results.","description_kind":"plain","optional":true}},"description_kind":"plain"}},"tencentcloud_gaap_layer7_listeners":{"version":0,"block":{"attributes":{"id":{"type":"string","description_kind":"plain","optional":true,"computed":true},"listener_id":{"type":"string","description":"ID of the layer7 listener to be queried.","description_kind":"plain","optional":true},"listener_name":{"type":"string","description":"Name of the layer7 listener to be queried.","description_kind":"plain","optional":true},"listeners":{"type":["list",["object",{"auth_type":"number","certificate_id":"string","client_certificate_id":"string","client_certificate_ids":["list","string"],"create_time":"string","forward_protocol":"string","id":"string","name":"string","port":"number","protocol":"string","status":"number"}]],"description":"An information list of layer7 listeners. Each element contains the following attributes:","description_kind":"plain","computed":true},"port":{"type":"number","description":"Port of the layer7 listener to be queried.","description_kind":"plain","optional":true},"protocol":{"type":"string","description":"Protocol of the layer7 listener to be queried, the available values include `HTTP` and `HTTPS`.","description_kind":"plain","required":true},"proxy_id":{"type":"string","description":"ID of the GAAP proxy to be queried.","description_kind":"plain","optional":true},"result_output_file":{"type":"string","description":"Used to save results.","description_kind":"plain","optional":true}},"description_kind":"plain"}},"tencentcloud_gaap_proxies":{"version":0,"block":{"attributes":{"access_region":{"type":"string","description":"Access region of the GAAP proxy to be queried. Conflict with `ids`.","description_kind":"plain","optional":true},"id":{"type":"string","description_kind":"plain","optional":true,"computed":true},"ids":{"type":["set","string"],"description":"ID of the GAAP proxy to be queried. Conflict with `project_id`, `access_region` and `realserver_region`.","description_kind":"plain","optional":true},"project_id":{"type":"number","description":"Project ID of the GAAP proxy to be queried. Conflict with `ids`.","description_kind":"plain","optional":true},"proxies":{"type":["list",["object",{"access_region":"string","bandwidth":"number","concurrent":"number","create_time":"string","domain":"string","forward_ip":"string","id":"string","ip":"string","name":"string","policy_id":"string","project_id":"number","realserver_region":"string","scalable":"bool","status":"string","support_protocols":["list","string"],"tags":["map","string"],"version":"string"}]],"description":"An information list of GAAP proxy. Each element contains the following attributes:","description_kind":"plain","computed":true},"realserver_region":{"type":"string","description":"Region of the GAAP realserver to be queried. Conflict with `ids`.","description_kind":"plain","optional":true},"result_output_file":{"type":"string","description":"Used to save results.","description_kind":"plain","optional":true},"tags":{"type":["map","string"],"description":"Tags of the GAAP proxy to be queried. Support up to 5, display the information as long as it matches one.","description_kind":"plain","optional":true}},"description_kind":"plain"}},"tencentcloud_gaap_realservers":{"version":0,"block":{"attributes":{"domain":{"type":"string","description":"Domain of the GAAP realserver to be queried, conflict with `ip`.","description_kind":"plain","optional":true},"id":{"type":"string","description_kind":"plain","optional":true,"computed":true},"ip":{"type":"string","description":"IP of the GAAP realserver to be queried, conflict with `domain`.","description_kind":"plain","optional":true},"name":{"type":"string","description":"Name of the GAAP realserver to be queried, the maximum length is 30.","description_kind":"plain","optional":true},"project_id":{"type":"number","description":"ID of the project within the GAAP realserver to be queried, default value is `-1`, no set means all projects.","description_kind":"plain","optional":true},"realservers":{"type":["list",["object",{"domain":"string","id":"string","ip":"string","name":"string","project_id":"number","tags":["map","string"]}]],"description":"An information list of GAAP realserver. Each element contains the following attributes:","description_kind":"plain","computed":true},"result_output_file":{"type":"string","description":"Used to save results.","description_kind":"plain","optional":true},"tags":{"type":["map","string"],"description":"Tags of the GAAP proxy to be queried. Support up to 5, display the information as long as it matches one.","description_kind":"plain","optional":true}},"description_kind":"plain"}},"tencentcloud_gaap_security_policies":{"version":0,"block":{"attributes":{"action":{"type":"string","description":"Default policy.","description_kind":"plain","computed":true},"id":{"type":"string","description":"ID of the security policy to be queried.","description_kind":"plain","required":true},"proxy_id":{"type":"string","description":"ID of the GAAP proxy.","description_kind":"plain","computed":true},"result_output_file":{"type":"string","description":"Used to save results.","description_kind":"plain","optional":true},"status":{"type":"string","description":"Status of the security policy.","description_kind":"plain","computed":true}},"description_kind":"plain"}},"tencentcloud_gaap_security_rules":{"version":0,"block":{"attributes":{"action":{"type":"string","description":"Policy of the rule to be queried.","description_kind":"plain","optional":true},"cidr_ip":{"type":"string","description":"A network address block of the request source to be queried.","description_kind":"plain","optional":true},"id":{"type":"string","description_kind":"plain","optional":true,"computed":true},"name":{"type":"string","description":"Name of the security policy rule to be queried.","description_kind":"plain","optional":true},"policy_id":{"type":"string","description":"ID of the security policy to be queried.","description_kind":"plain","required":true},"port":{"type":"string","description":"Port of the security policy rule to be queried.","description_kind":"plain","optional":true},"protocol":{"type":"string","description":"Protocol of the security policy rule to be queried.","description_kind":"plain","optional":true},"result_output_file":{"type":"string","description":"Used to save results.","description_kind":"plain","optional":true},"rule_id":{"type":"string","description":"ID of the security policy rules to be queried.","description_kind":"plain","optional":true},"rules":{"type":["list",["object",{"action":"string","cidr_ip":"string","id":"string","name":"string","port":"string","protocol":"string"}]],"description":"An information list of security policy rule. Each element contains the following attributes:","description_kind":"plain","computed":true}},"description_kind":"plain"}},"tencentcloud_ha_vip_eip_attachments":{"version":0,"block":{"attributes":{"address_ip":{"type":"string","description":"Public IP address of EIP to be queried.","description_kind":"plain","optional":true},"ha_vip_eip_attachment_list":{"type":["list",["object",{"address_ip":"string","havip_id":"string"}]],"description":"A list of HA VIP EIP attachments. Each element contains the following attributes:","description_kind":"plain","computed":true},"havip_id":{"type":"string","description":"Id of the attached HA VIP to be queried.","description_kind":"plain","required":true},"id":{"type":"string","description_kind":"plain","optional":true,"computed":true},"result_output_file":{"type":"string","description":"Used to save results.","description_kind":"plain","optional":true}},"description_kind":"plain"}},"tencentcloud_ha_vips":{"version":0,"block":{"attributes":{"address_ip":{"type":"string","description":"EIP of the HA VIP to be queried.","description_kind":"plain","optional":true},"ha_vip_list":{"type":["list",["object",{"address_ip":"string","create_time":"string","id":"string","instance_id":"string","name":"string","network_interface_id":"string","state":"string","subnet_id":"string","vip":"string","vpc_id":"string"}]],"description":"Information list of the dedicated HA VIPs.","description_kind":"plain","computed":true},"id":{"type":"string","description":"Id of the HA VIP to be queried.","description_kind":"plain","optional":true},"name":{"type":"string","description":"Name of the HA VIP. The length of character is limited to 1-60.","description_kind":"plain","optional":true},"result_output_file":{"type":"string","description":"Used to save results.","description_kind":"plain","optional":true},"subnet_id":{"type":"string","description":"Subnet id of the HA VIP to be queried.","description_kind":"plain","optional":true},"vpc_id":{"type":"string","description":"VPC id of the HA VIP to be queried.","description_kind":"plain","optional":true}},"description_kind":"plain"}},"tencentcloud_image":{"version":0,"block":{"attributes":{"id":{"type":"string","description_kind":"plain","optional":true,"computed":true},"image_id":{"type":"string","description":"An image id indicate the uniqueness of a certain image,  which can be used for instance creation or resetting.","description_kind":"plain","computed":true},"image_name":{"type":"string","description":"Name of this image.","description_kind":"plain","computed":true},"image_name_regex":{"type":"string","description":"A regex string to apply to the image list returned by TencentCloud. **NOTE**: it is not wildcard, should look like `image_name_regex = \"^CentOS\\s+6\\.8\\s+64\\w*\"`.","description_kind":"plain","optional":true},"os_name":{"type":"string","description":"A string to apply with fuzzy match to the os_name attribute on the image list returned by TencentCloud. **NOTE**: when os_name is provided, highest priority is applied in this field instead of `image_name_regex`.","description_kind":"plain","optional":true},"result_output_file":{"type":"string","description":"Used to save results.","description_kind":"plain","optional":true}},"block_types":{"filter":{"nesting_mode":"set","block":{"attributes":{"name":{"type":"string","description":"Key of the filter, valid keys: `image-id`, `image-type`, `image-name`.","description_kind":"plain","required":true},"values":{"type":["list","string"],"description":"Values of the filter.","description_kind":"plain","required":true}},"description":"One or more name/value pairs to filter.","description_kind":"plain"}}},"description_kind":"plain"}},"tencentcloud_images":{"version":0,"block":{"attributes":{"id":{"type":"string","description_kind":"plain","optional":true,"computed":true},"image_id":{"type":"string","description":"ID of the image to be queried.","description_kind":"plain","optional":true},"image_name_regex":{"type":"string","description":"A regex string to apply to the image list returned by TencentCloud, conflict with 'os_name'. **NOTE**: it is not wildcard, should look like `image_name_regex = \"^CentOS\\s+6\\.8\\s+64\\w*\"`.","description_kind":"plain","optional":true},"image_type":{"type":["list","string"],"description":"A list of the image type to be queried. Available values include: 'PUBLIC_IMAGE', 'PRIVATE_IMAGE', 'SHARED_IMAGE', 'MARKET_IMAGE'.","description_kind":"plain","optional":true},"images":{"type":["list",["object",{"architecture":"string","created_time":"string","image_creator":"string","image_description":"string","image_id":"string","image_name":"string","image_size":"number","image_source":"string","image_state":"string","image_type":"string","os_name":"string","platform":"string","snapshots":["list",["object",{"disk_size":"number","disk_usage":"string","snapshot_id":"string","snapshot_name":"string"}]],"support_cloud_init":"bool","sync_percent":"number"}]],"description":"An information list of image. Each element contains the following attributes:","description_kind":"plain","computed":true},"os_name":{"type":"string","description":"A string to apply with fuzzy match to the os_name attribute on the image list returned by TencentCloud, conflict with 'image_name_regex'.","description_kind":"plain","optional":true},"result_output_file":{"type":"string","description":"Used to save results.","description_kind":"plain","optional":true}},"description_kind":"plain"}},"tencentcloud_instance_types":{"version":0,"block":{"attributes":{"availability_zone":{"type":"string","description":"The available zone that the CVM instance locates at. This field is conflict with `filter`.","description_kind":"plain","optional":true},"cpu_core_count":{"type":"number","description":"The number of CPU cores of the instance.","description_kind":"plain","optional":true},"gpu_core_count":{"type":"number","description":"The number of GPU cores of the instance.","description_kind":"plain","optional":true},"id":{"type":"string","description_kind":"plain","optional":true,"computed":true},"instance_types":{"type":["list",["object",{"availability_zone":"string","cpu_core_count":"number","family":"string","gpu_core_count":"number","instance_type":"string","memory_size":"number"}]],"description":"An information list of cvm instance. Each element contains the following attributes:","description_kind":"plain","computed":true},"memory_size":{"type":"number","description":"Instance memory capacity, unit in GB.","description_kind":"plain","optional":true},"result_output_file":{"type":"string","description":"Used to save results.","description_kind":"plain","optional":true}},"block_types":{"filter":{"nesting_mode":"set","block":{"attributes":{"name":{"type":"string","description":"The filter name, the available values include `zone` and `instance-family`.","description_kind":"plain","required":true},"values":{"type":["list","string"],"description":"The filter values.","description_kind":"plain","required":true}},"description":"One or more name/value pairs to filter. This field is conflict with `availability_zone`.","description_kind":"plain"},"max_items":10}},"description_kind":"plain"}},"tencentcloud_instances":{"version":0,"block":{"attributes":{"availability_zone":{"type":"string","description":"The available zone that the CVM instance locates at.","description_kind":"plain","optional":true},"id":{"type":"string","description_kind":"plain","optional":true,"computed":true},"instance_id":{"type":"string","description":"ID of the instances to be queried.","description_kind":"plain","optional":true},"instance_list":{"type":["list",["object",{"allocate_public_ip":"bool","availability_zone":"string","cpu":"number","create_time":"string","data_disks":["list",["object",{"data_disk_id":"string","data_disk_size":"number","data_disk_type":"string","delete_with_instance":"bool"}]],"expired_time":"string","image_id":"string","instance_charge_type":"string","instance_charge_type_prepaid_renew_flag":"string","instance_id":"string","instance_name":"string","instance_type":"string","internet_charge_type":"string","internet_max_bandwidth_out":"number","memory":"number","private_ip":"string","project_id":"number","public_ip":"string","security_groups":["list","string"],"status":"string","subnet_id":"string","system_disk_id":"string","system_disk_size":"number","system_disk_type":"string","tags":["map","string"],"vpc_id":"string"}]],"description":"An information list of cvm instance. Each element contains the following attributes:","description_kind":"plain","computed":true},"instance_name":{"type":"string","description":"Name of the instances to be queried.","description_kind":"plain","optional":true},"project_id":{"type":"number","description":"The project CVM belongs to.","description_kind":"plain","optional":true},"result_output_file":{"type":"string","description":"Used to save results.","description_kind":"plain","optional":true},"subnet_id":{"type":"string","description":"ID of a vpc subnetwork.","description_kind":"plain","optional":true},"tags":{"type":["map","string"],"description":"Tags of the instance.","description_kind":"plain","optional":true},"vpc_id":{"type":"string","description":"ID of the vpc to be queried.","description_kind":"plain","optional":true}},"description_kind":"plain"}},"tencentcloud_key_pairs":{"version":0,"block":{"attributes":{"id":{"type":"string","description_kind":"plain","optional":true,"computed":true},"key_id":{"type":"string","description":"ID of the key pair to be queried.","description_kind":"plain","optional":true},"key_name":{"type":"string","description":"Name of the key pair to be queried. Support regular expression search, only `^` and `$` are supported.","description_kind":"plain","optional":true},"key_pair_list":{"type":["list",["object",{"create_time":"string","key_id":"string","key_name":"string","project_id":"number","public_key":"string"}]],"description":"An information list of key pair. Each element contains the following attributes:","description_kind":"plain","computed":true},"project_id":{"type":"number","description":"Project id of the key pair to be queried.","description_kind":"plain","optional":true},"result_output_file":{"type":"string","description":"Used to save results.","description_kind":"plain","optional":true}},"description_kind":"plain"}},"tencentcloud_kubernetes_clusters":{"version":0,"block":{"attributes":{"cluster_id":{"type":"string","description":"ID of the cluster. Conflict with cluster_name, can not be set at the same time.","description_kind":"plain","optional":true},"cluster_name":{"type":"string","description":"Name of the cluster. Conflict with cluster_id, can not be set at the same time.","description_kind":"plain","optional":true},"id":{"type":"string","description_kind":"plain","optional":true,"computed":true},"list":{"type":["list",["object",{"certification_authority":"string","claim_expired_seconds":"number","cluster_as_enabled":"bool","cluster_cidr":"string","cluster_deploy_type":"string","cluster_desc":"string","cluster_external_endpoint":"string","cluster_extra_args":["list",["object",{"kube_apiserver":["list","string"],"kube_controller_manager":["list","string"],"kube_scheduler":["list","string"]}]],"cluster_ipvs":"bool","cluster_max_pod_num":"number","cluster_max_service_num":"number","cluster_name":"string","cluster_node_num":"number","cluster_os":"string","cluster_version":"string","container_runtime":"string","deletion_protection":"bool","domain":"string","eni_subnet_ids":["list","string"],"ignore_cluster_cidr_conflict":"bool","is_non_static_ip_mode":"bool","kube_proxy_mode":"string","network_type":"string","node_name_type":"string","password":"string","pgw_endpoint":"string","project_id":"number","security_policy":["list","string"],"service_cidr":"string","tags":["map","string"],"user_name":"string","vpc_id":"string","worker_instances_list":["list",["object",{"failed_reason":"string","instance_id":"string","instance_role":"string","instance_state":"string"}]]}]],"description":"An information list of kubernetes clusters. Each element contains the following attributes:","description_kind":"plain","computed":true},"result_output_file":{"type":"string","description":"Used to save results.","description_kind":"plain","optional":true},"tags":{"type":["map","string"],"description":"Tags of the cluster.","description_kind":"plain","optional":true}},"description_kind":"plain"}},"tencentcloud_mongodb_instances":{"version":0,"block":{"attributes":{"cluster_type":{"type":"string","description":"Type of Mongodb cluster, and available values include replica set cluster(expressed with `REPLSET`), sharding cluster(expressed with `SHARD`).","description_kind":"plain","optional":true},"id":{"type":"string","description_kind":"plain","optional":true,"computed":true},"instance_id":{"type":"string","description":"ID of the Mongodb instance to be queried.","description_kind":"plain","optional":true},"instance_list":{"type":["list",["object",{"auto_renew_flag":"number","available_zone":"string","charge_type":"string","cluster_type":"string","cpu":"number","create_time":"string","engine_version":"string","instance_id":"string","instance_name":"string","machine_type":"string","memory":"number","project_id":"number","shard_quantity":"number","status":"number","subnet_id":"string","tags":["map","string"],"vip":"string","volume":"number","vpc_id":"string","vport":"number"}]],"description":"A list of instances. Each element contains the following attributes:","description_kind":"plain","computed":true},"instance_name_prefix":{"type":"string","description":"Name prefix of the Mongodb instance.","description_kind":"plain","optional":true},"result_output_file":{"type":"string","description":"Used to store results.","description_kind":"plain","optional":true},"tags":{"type":["map","string"],"description":"Tags of the Mongodb instance to be queried.","description_kind":"plain","optional":true}},"description_kind":"plain"}},"tencentcloud_mongodb_zone_config":{"version":0,"block":{"attributes":{"available_zone":{"type":"string","description":"The available zone of the Mongodb.","description_kind":"plain","optional":true},"id":{"type":"string","description_kind":"plain","optional":true,"computed":true},"list":{"type":["list",["object",{"available_zone":"string","cluster_type":"string","cpu":"number","default_storage":"number","engine_version":"string","machine_type":"string","max_storage":"number","memory":"number","min_storage":"number"}]],"description":"A list of zone config. Each element contains the following attributes:","description_kind":"plain","computed":true},"result_output_file":{"type":"string","description":"Used to store results.","description_kind":"plain","optional":true}},"description_kind":"plain"}},"tencentcloud_monitor_binding_objects":{"version":0,"block":{"attributes":{"group_id":{"type":"number","description":"Policy group id for query.","description_kind":"plain","required":true},"id":{"type":"string","description_kind":"plain","optional":true,"computed":true},"list":{"type":["list",["object",{"dimensions_json":"string","is_shielded":"number","region":"string","unique_id":"string"}]],"description":"A list objects. Each element contains the following attributes:","description_kind":"plain","computed":true},"result_output_file":{"type":"string","description":"Used to store results.","description_kind":"plain","optional":true}},"description_kind":"plain"}},"tencentcloud_monitor_data":{"version":0,"block":{"attributes":{"end_time":{"type":"string","description":"End time for this query, eg:`2018-09-22T20:00:00+08:00`.","description_kind":"plain","required":true},"id":{"type":"string","description_kind":"plain","optional":true,"computed":true},"list":{"type":["list",["object",{"timestamp":"number","value":"number"}]],"description":"A list data point. Each element contains the following attributes:","description_kind":"plain","computed":true},"metric_name":{"type":"string","description":"Metric name, please refer to the documentation of monitor interface of each product.","description_kind":"plain","required":true},"namespace":{"type":"string","description":"Namespace of each cloud product in monitor system, refer to `data.tencentcloud_monitor_product_namespace`.","description_kind":"plain","required":true},"period":{"type":"number","description":"Statistical period.","description_kind":"plain","optional":true},"result_output_file":{"type":"string","description":"Used to store results.","description_kind":"plain","optional":true},"start_time":{"type":"string","description":"Start time for this query, eg:`2018-09-22T19:51:23+08:00`.","description_kind":"plain","required":true}},"block_types":{"dimensions":{"nesting_mode":"list","block":{"attributes":{"name":{"type":"string","description":"Instance dimension name, eg: `InstanceId` for cvm.","description_kind":"plain","required":true},"value":{"type":"string","description":"Instance dimension value, eg: `ins-j0hk02zo` for cvm.","description_kind":"plain","required":true}},"description":"Dimensional composition of instance objects.","description_kind":"plain"},"min_items":1}},"description_kind":"plain"}},"tencentcloud_monitor_policy_conditions":{"version":0,"block":{"attributes":{"id":{"type":"string","description_kind":"plain","optional":true,"computed":true},"list":{"type":["list",["object",{"event_metrics":["list",["object",{"event_id":"number","event_show_name":"string","need_recovered":"bool"}]],"is_support_multi_region":"bool","metrics":["list",["object",{"calc_type_keys":["list","number"],"calc_type_need":"bool","calc_value_default":"string","calc_value_fixed":"string","calc_value_max":"string","calc_value_min":"string","calc_value_need":"bool","continue_time_default":"number","continue_time_keys":["list","number"],"continue_time_need":"bool","metric_id":"number","metric_show_name":"string","metric_unit":"string","period_default":"number","period_keys":["list","number"],"period_need":"bool","period_num_default":"number","period_num_keys":["list","number"],"period_num_need":"bool","stat_type_p10":"string","stat_type_p1800":"string","stat_type_p300":"string","stat_type_p3600":"string","stat_type_p5":"string","stat_type_p60":"string","stat_type_p600":"string","stat_type_p86400":"string"}]],"name":"string","policy_view_name":"string","support_regions":["list","string"]}]],"description":"A list policy condition. Each element contains the following attributes:","description_kind":"plain","computed":true},"name":{"type":"string","description":"Name of the policy name, support partial matching, eg:`Cloud Virtual Machine`,`Virtual`,`Cloud Load Banlancer-Private CLB Listener`.","description_kind":"plain","optional":true},"result_output_file":{"type":"string","description":"Used to store results.","description_kind":"plain","optional":true}},"description_kind":"plain"}},"tencentcloud_monitor_policy_groups":{"version":0,"block":{"attributes":{"id":{"type":"string","description_kind":"plain","optional":true,"computed":true},"list":{"type":["list",["object",{"can_set_default":"bool","conditions":["list",["object",{"alarm_notify_period":"number","alarm_notify_type":"number","calc_type":"number","calc_value":"string","continue_time":"number","metric_id":"number","metric_show_name":"string","metric_unit":"string","period":"number","rule_id":"number"}]],"event_conditions":["list",["object",{"alarm_notify_period":"number","alarm_notify_type":"number","event_id":"number","event_show_name":"string","rule_id":"number"}]],"group_id":"number","group_name":"string","insert_time":"number","is_default":"number","is_open":"bool","last_edit_uin":"string","no_shielded_sum":"number","parent_group_id":"number","policy_view_name":"string","project_id":"number","receivers":["list",["object",{"end_time":"number","need_send_notice":"number","notify_way":["list","string"],"person_interval":"number","receive_language":"string","receiver_group_list":["list","number"],"receiver_type":"string","receiver_user_list":["list","number"],"recover_notify":["list","string"],"round_interval":"number","round_number":"number","send_for":["list","string"],"start_time":"number","uid_list":["list","number"]}]],"remark":"string","update_time":"number","use_sum":"number"}]],"description":"A list policy groups. Each element contains the following attributes:","description_kind":"plain","computed":true},"name":{"type":"string","description":"Policy group name for query.","description_kind":"plain","optional":true},"policy_view_names":{"type":["list","string"],"description":"The policy view for query.","description_kind":"plain","optional":true},"result_output_file":{"type":"string","description":"Used to store results.","description_kind":"plain","optional":true}},"description_kind":"plain"}},"tencentcloud_monitor_product_event":{"version":0,"block":{"attributes":{"end_time":{"type":"number","description":"End timestamp for this query, eg:`1588232111`. Default start time is `now-3000`.","description_kind":"plain","optional":true},"event_name":{"type":["list","string"],"description":"Event name filtering, such as `guest_reboot` indicates that the machine restart.","description_kind":"plain","optional":true},"id":{"type":"string","description_kind":"plain","optional":true,"computed":true},"instance_id":{"type":["list","string"],"description":"Affect objects, such as `ins-19708ino`.","description_kind":"plain","optional":true},"is_alarm_config":{"type":"number","description":"Alarm status configuration filter, 1means configured, 0(default) means not configured.","description_kind":"plain","optional":true},"list":{"type":["list",["object",{"addition_msg":["list",["object",{"key":"string","name":"string","value":"string"}]],"dimensions":["list",["object",{"key":"string","name":"string","value":"string"}]],"event_cname":"string","event_ename":"string","event_id":"number","event_name":"string","group_info":["list",["object",{"group_id":"string","group_name":"string"}]],"instance_id":"string","instance_name":"string","is_alarm_config":"number","product_cname":"string","product_ename":"string","product_name":"string","project_id":"string","region":"string","start_time":"number","status":"string","support_alarm":"number","type":"string","update_time":"number"}]],"description":"A list events. Each element contains the following attributes:","description_kind":"plain","computed":true},"product_name":{"type":["list","string"],"description":"Product type filtering, such as `cvm` for cloud server.","description_kind":"plain","optional":true},"project_id":{"type":["list","string"],"description":"Project ID filter.","description_kind":"plain","optional":true},"region_list":{"type":["list","string"],"description":"Region filter, such as `gz`.","description_kind":"plain","optional":true},"result_output_file":{"type":"string","description":"Used to store results.","description_kind":"plain","optional":true},"start_time":{"type":"number","description":"Start timestamp for this query, eg:`1588230000`. Default start time is `now-3600`.","description_kind":"plain","optional":true},"status":{"type":["list","string"],"description":"Event status filter, value range `-`,`alarm`,`recover`, indicating recovered, unrecovered and stateless.","description_kind":"plain","optional":true},"type":{"type":["list","string"],"description":"Event type filtering, with value range `abnormal`,`status_change`, indicating state change and abnormal events.","description_kind":"plain","optional":true}},"block_types":{"dimensions":{"nesting_mode":"list","block":{"attributes":{"name":{"type":"string","description":"Instance dimension name, eg: `deviceWanIp` for internet ip.","description_kind":"plain","optional":true},"value":{"type":"string","description":"Instance dimension value, eg: `119.119.119.119` for internet ip.","description_kind":"plain","optional":true}},"description":"Dimensional composition of instance objects.","description_kind":"plain"}}},"description_kind":"plain"}},"tencentcloud_monitor_product_namespace":{"version":0,"block":{"attributes":{"id":{"type":"string","description_kind":"plain","optional":true,"computed":true},"list":{"type":["list",["object",{"namespace":"string","product_chinese_name":"string","product_name":"string"}]],"description":"A list product namespaces. Each element contains the following attributes:","description_kind":"plain","computed":true},"name":{"type":"string","description":"Name for filter, eg:`Load Banlancer`.","description_kind":"plain","optional":true},"result_output_file":{"type":"string","description":"Used to store results.","description_kind":"plain","optional":true}},"description_kind":"plain"}},"tencentcloud_mysql_backup_list":{"version":0,"block":{"attributes":{"id":{"type":"string","description_kind":"plain","optional":true,"computed":true},"list":{"type":["list",["object",{"backup_id":"number","backup_model":"string","creator":"string","finish_time":"string","internet_url":"string","intranet_url":"string","size":"number","time":"string"}]],"description":"A list of MySQL backup. Each element contains the following attributes:","description_kind":"plain","computed":true},"max_number":{"type":"number","description":"The latest files to list, rang from 1 to 10000. And the default value is 10.","description_kind":"plain","optional":true},"mysql_id":{"type":"string","description":"Instance ID, such as cdb-c1nl9rpv. It is identical to the instance ID displayed in the database console page.","description_kind":"plain","required":true},"result_output_file":{"type":"string","description":"Used to store results.","description_kind":"plain","optional":true}},"description_kind":"plain"}},"tencentcloud_mysql_instance":{"version":0,"block":{"attributes":{"charge_type":{"type":"string","description":"Pay type of instance, valid values are `PREPAID` and `POSTPAID`.","description_kind":"plain","optional":true},"engine_version":{"type":"string","description":"The version number of the database engine to use. Supported versions include 5.5/5.6/5.7.","description_kind":"plain","optional":true},"id":{"type":"string","description_kind":"plain","optional":true,"computed":true},"init_flag":{"type":"number","description":"Initialization mark. Available values: 0 - Uninitialized; 1 - Initialized.","description_kind":"plain","optional":true},"instance_list":{"type":["list",["object",{"auto_renew_flag":"number","charge_type":"string","cpu_core_count":"number","create_time":"string","dead_line_time":"string","device_type":"string","dr_instance_ids":["list","string"],"engine_version":"string","init_flag":"number","instance_name":"string","instance_role":"string","internet_host":"string","internet_port":"number","internet_status":"number","intranet_ip":"string","intranet_port":"number","master_instance_id":"string","memory_size":"number","mysql_id":"string","pay_type":"number","project_id":"number","ro_instance_ids":["list","string"],"slave_sync_mode":"number","status":"number","subnet_id":"string","volume_size":"number","vpc_id":"string","zone":"string"}]],"description":"A list of instances. Each element contains the following attributes:","description_kind":"plain","computed":true},"instance_name":{"type":"string","description":"Name of mysql instance.","description_kind":"plain","optional":true},"instance_role":{"type":"string","description":"Instance type. Supported values include: master - master instance, dr - disaster recovery instance, and ro - read-only instance.","description_kind":"plain","optional":true},"limit":{"type":"number","description":"Number of results returned for a single request. Default is 20, and maximum is 2000.","description_kind":"plain","optional":true},"mysql_id":{"type":"string","description":"Instance ID, such as cdb-c1nl9rpv. It is identical to the instance ID displayed in the database console page.","description_kind":"plain","optional":true},"offset":{"type":"number","description":"Record offset. Default is 0.","description_kind":"plain","optional":true},"pay_type":{"type":"number","description":"Pay type of instance, 0: prepay, 1: postpay.","description_kind":"plain","deprecated":true,"optional":true},"result_output_file":{"type":"string","description":"Used to store results.","description_kind":"plain","optional":true},"security_group_id":{"type":"string","description":"Security groups ID of instance.","description_kind":"plain","optional":true},"status":{"type":"number","description":"Instance status. Available values: 0 - Creating; 1 - Running; 4 - Isolating; 5 - Isolated.","description_kind":"plain","optional":true},"with_dr":{"type":"number","description":"Indicates whether to query disaster recovery instances.","description_kind":"plain","optional":true},"with_master":{"type":"number","description":"Indicates whether to query master instances.","description_kind":"plain","optional":true},"with_ro":{"type":"number","description":"Indicates whether to query read-only instances.","description_kind":"plain","optional":true}},"description_kind":"plain"}},"tencentcloud_mysql_parameter_list":{"version":0,"block":{"attributes":{"engine_version":{"type":"string","description":"The version number of the database engine to use. Supported versions include 5.5/5.6/5.7.","description_kind":"plain","optional":true},"id":{"type":"string","description_kind":"plain","optional":true,"computed":true},"mysql_id":{"type":"string","description":"Instance ID.","description_kind":"plain","optional":true},"parameter_list":{"type":["list",["object",{"current_value":"string","default_value":"string","description":"string","enum_value":["list","string"],"max":"number","min":"number","need_reboot":"number","parameter_name":"string","parameter_type":"string"}]],"description":"A list of parameters. Each element contains the following attributes:","description_kind":"plain","computed":true},"result_output_file":{"type":"string","description":"Used to store results.","description_kind":"plain","optional":true}},"description_kind":"plain"}},"tencentcloud_mysql_zone_config":{"version":0,"block":{"attributes":{"id":{"type":"string","description_kind":"plain","optional":true,"computed":true},"list":{"type":["list",["object",{"disaster_recovery_zones":["list","string"],"engine_versions":["list","string"],"first_slave_zones":["list","string"],"hour_instance_sale_max_num":"number","is_default":"number","is_support_disaster_recovery":"number","is_support_vpc":"number","name":"string","pay_type":["list","number"],"second_slave_zones":["list","string"],"sells":["list",["object",{"cdb_type":"string","max_volume_size":"number","mem_size":"number","min_volume_size":"number","qps":"number","volume_step":"number"}]],"slave_deploy_modes":["list","number"],"support_slave_sync_modes":["list","number"]}]],"description":"A list of zone config. Each element contains the following attributes:","description_kind":"plain","computed":true},"region":{"type":"string","description":"Region parameter, which is used to identify the region to which the data you want to work with belongs.","description_kind":"plain","optional":true},"result_output_file":{"type":"string","description":"Used to store results.","description_kind":"plain","optional":true}},"description_kind":"plain"}},"tencentcloud_nat_gateways":{"version":0,"block":{"attributes":{"id":{"type":"string","description":"Id of the NAT gateway.","description_kind":"plain","optional":true},"name":{"type":"string","description":"Name of the NAT gateway.","description_kind":"plain","optional":true},"nats":{"type":["list",["object",{"assigned_eip_set":["list","string"],"bandwidth":"number","create_time":"string","id":"string","max_concurrent":"number","name":"string","state":"string","vpc_id":"string"}]],"description":"Information list of the dedicated NATs.","description_kind":"plain","computed":true},"result_output_file":{"type":"string","description":"Used to save results.","description_kind":"plain","optional":true},"vpc_id":{"type":"string","description":"Id of the VPC.","description_kind":"plain","optional":true}},"description_kind":"plain"}},"tencentcloud_nats":{"version":0,"block":{"attributes":{"bandwidth":{"type":"number","description":"The maximum public network output bandwidth of the gateway (unit: Mbps), for example: 10, 20, 50, 100, 200, 500, 1000, 2000, 5000.","description_kind":"plain","optional":true},"id":{"type":"string","description":"The ID for NAT Gateway.","description_kind":"plain","optional":true},"max_concurrent":{"type":"number","description":"The upper limit of concurrent connection of NAT gateway, for example: 1000000, 3000000, 10000000.","description_kind":"plain","optional":true},"name":{"type":"string","description":"The name for NAT Gateway.","description_kind":"plain","optional":true},"nats":{"type":["list",["object",{"assigned_eip_set":["list","string"],"bandwidth":"number","create_time":"string","id":"string","max_concurrent":"number","name":"string","state":"number","vpc_id":"string"}]],"description":"Information list of the dedicated tunnels.","description_kind":"plain","computed":true},"state":{"type":"number","description":"NAT gateway status, 0: Running, 1: Unavailable, 2: Be in arrears and out of service.","description_kind":"plain","optional":true},"vpc_id":{"type":"string","description":"The VPC ID for NAT Gateway.","description_kind":"plain","optional":true}},"description_kind":"plain","deprecated":true}},"tencentcloud_placement_groups":{"version":0,"block":{"attributes":{"id":{"type":"string","description_kind":"plain","optional":true,"computed":true},"name":{"type":"string","description":"Name of the placement group to be queried.","description_kind":"plain","optional":true},"placement_group_id":{"type":"string","description":"ID of the placement group to be queried.","description_kind":"plain","optional":true},"placement_group_list":{"type":["list",["object",{"create_time":"string","current_num":"number","cvm_quota_total":"number","instance_ids":["list","string"],"name":"string","placement_group_id":"string","type":"string"}]],"description":"An information list of placement group. Each element contains the following attributes:","description_kind":"plain","computed":true},"result_output_file":{"type":"string","description":"Used to save results.","description_kind":"plain","optional":true}},"description_kind":"plain"}},"tencentcloud_postgresql_instances":{"version":0,"block":{"attributes":{"id":{"type":"string","description":"ID of the postgresql instance to be query.","description_kind":"plain","optional":true},"instance_list":{"type":["list",["object",{"auto_renew_flag":"number","availability_zone":"string","charge_type":"string","charset":"string","create_time":"string","engine_version":"string","id":"string","memory":"number","name":"string","private_access_ip":"string","private_access_port":"number","project_id":"number","public_access_host":"string","public_access_port":"number","public_access_switch":"bool","storage":"number","subnet_id":"string","vpc_id":"string"}]],"description":"A list of postgresql instances. Each element contains the following attributes.","description_kind":"plain","computed":true},"name":{"type":"string","description":"Name of the postgresql instance to be query.","description_kind":"plain","optional":true},"project_id":{"type":"number","description":"Project id of the postgresql instance to be query.","description_kind":"plain","optional":true},"result_output_file":{"type":"string","description":"Used to save results.","description_kind":"plain","optional":true}},"description_kind":"plain"}},"tencentcloud_postgresql_specinfos":{"version":0,"block":{"attributes":{"availability_zone":{"type":"string","description":"The zone of the postgresql instance to query.","description_kind":"plain","required":true},"id":{"type":"string","description_kind":"plain","optional":true,"computed":true},"list":{"type":["list",["object",{"cpu":"number","engine_version":"string","engine_version_name":"string","id":"string","memory":"number","qps":"number","storage_max":"number","storage_min":"number"}]],"description":"A list of zones will be exported and its every element contains the following attributes:","description_kind":"plain","computed":true},"result_output_file":{"type":"string","description":"Used to save results.","description_kind":"plain","optional":true}},"description_kind":"plain"}},"tencentcloud_redis_instances":{"version":0,"block":{"attributes":{"id":{"type":"string","description_kind":"plain","optional":true,"computed":true},"instance_list":{"type":["list",["object",{"charge_type":"string","create_time":"string","ip":"string","mem_size":"number","name":"string","port":"number","project_id":"number","redis_id":"string","redis_replicas_num":"number","redis_shard_num":"number","status":"string","subnet_id":"string","tags":["map","string"],"type":"string","type_id":"number","vpc_id":"string","zone":"string"}]],"description":"A list of redis instance. Each element contains the following attributes:","description_kind":"plain","computed":true},"limit":{"type":"number","description":"The number limitation of results for a query.","description_kind":"plain","optional":true},"project_id":{"type":"number","description":"ID of the project to which redis instance belongs.","description_kind":"plain","optional":true},"result_output_file":{"type":"string","description":"Used to save results.","description_kind":"plain","optional":true},"search_key":{"type":"string","description":"Key words used to match the results, and the key words can be: instance ID, instance name and IP address.","description_kind":"plain","optional":true},"tags":{"type":["map","string"],"description":"Tags of redis instance.","description_kind":"plain","optional":true},"zone":{"type":"string","description":"ID of an available zone.","description_kind":"plain","optional":true}},"description_kind":"plain"}},"tencentcloud_redis_zone_config":{"version":0,"block":{"attributes":{"id":{"type":"string","description_kind":"plain","optional":true,"computed":true},"list":{"type":["list",["object",{"mem_sizes":["list","number"],"redis_replicas_nums":["list","number"],"redis_shard_nums":["list","number"],"type":"string","type_id":"number","version":"string","zone":"string"}]],"description":"A list of zone. Each element contains the following attributes:","description_kind":"plain","computed":true},"region":{"type":"string","description":"Name of a region. If this value is not set, the current region getting from provider's configuration will be used.","description_kind":"plain","optional":true},"result_output_file":{"type":"string","description":"Used to save results.","description_kind":"plain","optional":true},"type_id":{"type":"number","description":"Instance type id.","description_kind":"plain","optional":true}},"description_kind":"plain"}},"tencentcloud_reserved_instance_configs":{"version":0,"block":{"attributes":{"availability_zone":{"type":"string","description":"The available zone that the reserved instance locates at.","description_kind":"plain","optional":true},"config_list":{"type":["list",["object",{"availability_zone":"string","config_id":"string","currency_code":"string","duration":"number","instance_type":"string","platform":"string","price":"number"}]],"description":"An information list of reserved instance configuration. Each element contains the following attributes:","description_kind":"plain","computed":true},"duration":{"type":"number","description":"Validity period of the reserved instance. Valid values are 31536000(1 year) and 94608000(3 years).","description_kind":"plain","optional":true},"id":{"type":"string","description_kind":"plain","optional":true,"computed":true},"instance_type":{"type":"string","description":"The type of reserved instance.","description_kind":"plain","optional":true},"result_output_file":{"type":"string","description":"Used to save results.","description_kind":"plain","optional":true}},"description_kind":"plain"}},"tencentcloud_reserved_instances":{"version":0,"block":{"attributes":{"availability_zone":{"type":"string","description":"The available zone that the reserved instance locates at.","description_kind":"plain","optional":true},"id":{"type":"string","description_kind":"plain","optional":true,"computed":true},"instance_type":{"type":"string","description":"The type of reserved instance.","description_kind":"plain","optional":true},"reserved_instance_id":{"type":"string","description":"ID of the reserved instance to be query.","description_kind":"plain","optional":true},"reserved_instance_list":{"type":["list",["object",{"availability_zone":"string","end_time":"string","instance_count":"number","instance_type":"string","reserved_instance_id":"string","start_time":"string","status":"string"}]],"description":"An information list of reserved instance. Each element contains the following attributes:","description_kind":"plain","computed":true},"result_output_file":{"type":"string","description":"Used to save results.","description_kind":"plain","optional":true}},"description_kind":"plain"}},"tencentcloud_route_table":{"version":0,"block":{"attributes":{"create_time":{"type":"string","description":"Creation time of routing table.","description_kind":"plain","computed":true},"id":{"type":"string","description_kind":"plain","optional":true,"computed":true},"name":{"type":"string","description":"The Route Table name.","description_kind":"plain","optional":true},"route_table_id":{"type":"string","description":"The Route Table ID.","description_kind":"plain","required":true},"routes":{"type":["list",["object",{"cidr_block":"string","description":"string","next_hub":"string","next_type":"string"}]],"description":"The information list of the VPC route table.","description_kind":"plain","computed":true},"subnet_num":{"type":"number","description":"Number of associated subnets.","description_kind":"plain","computed":true},"vpc_id":{"type":"string","description":"The VPC ID.","description_kind":"plain","computed":true}},"description_kind":"plain","deprecated":true}},"tencentcloud_scf_functions":{"version":0,"block":{"attributes":{"description":{"type":"string","description":"Description of the SCF function to be queried.","description_kind":"plain","optional":true},"functions":{"type":["list",["object",{"cls_logset_id":"string","cls_topic_id":"string","code_error":"string","code_result":"string","code_size":"number","create_time":"string","description":"string","eip_fixed":"bool","eips":["list","string"],"environment":["map","string"],"err_no":"number","handler":"string","host":"string","install_dependency":"bool","l5_enable":"bool","mem_size":"number","modify_time":"string","name":"string","namespace":"string","role":"string","runtime":"string","status":"string","status_desc":"string","subnet_id":"string","tags":["map","string"],"timeout":"number","trigger_info":["list",["object",{"create_time":"string","custom_argument":"string","enable":"bool","modify_time":"string","name":"string","trigger_desc":"string","type":"string"}]],"vip":"string","vpc_id":"string"}]],"description":"An information list of functions. Each element contains the following attributes:","description_kind":"plain","computed":true},"id":{"type":"string","description_kind":"plain","optional":true,"computed":true},"name":{"type":"string","description":"Name of the SCF function to be queried.","description_kind":"plain","optional":true},"namespace":{"type":"string","description":"Namespace of the SCF function to be queried.","description_kind":"plain","optional":true},"result_output_file":{"type":"string","description":"Used to save results.","description_kind":"plain","optional":true},"tags":{"type":["map","string"],"description":"Tags of the SCF function to be queried, can use up to 10 tags.","description_kind":"plain","optional":true}},"description_kind":"plain"}},"tencentcloud_scf_logs":{"version":0,"block":{"attributes":{"end_time":{"type":"string","description":"The end time of the query, the format is `2017-05-16 20:00:00`, which can only be within one day from `start_time`.","description_kind":"plain","optional":true},"function_name":{"type":"string","description":"Name of the SCF function to be queried.","description_kind":"plain","required":true},"id":{"type":"string","description_kind":"plain","optional":true,"computed":true},"invoke_request_id":{"type":"string","description":"Corresponding requestId when executing function.","description_kind":"plain","optional":true},"limit":{"type":"number","description":"Number of logs, the default is `10000`, offset+limit cannot be greater than 10000.","description_kind":"plain","optional":true},"logs":{"type":["list",["object",{"bill_duration":"number","duration":"number","function_name":"string","invoke_finished":"number","level":"string","log":"string","mem_usage":"number","request_id":"string","ret_code":"number","ret_msg":"string","source":"string","start_time":"string"}]],"description":"An information list of logs. Each element contains the following attributes:","description_kind":"plain","computed":true},"namespace":{"type":"string","description":"Namespace of the SCF function to be queried.","description_kind":"plain","optional":true},"offset":{"type":"number","description":"Log offset, default is `0`, offset+limit cannot be greater than 10000.","description_kind":"plain","optional":true},"order":{"type":"string","description":"Order to sort the log, optional values `desc` and `asc`, default `desc`.","description_kind":"plain","optional":true},"order_by":{"type":"string","description":"Sort the logs according to the following fields: `function_name`, `duration`, `mem_usage`, `start_time`, default `start_time`.","description_kind":"plain","optional":true},"result_output_file":{"type":"string","description":"Used to save results.","description_kind":"plain","optional":true},"ret_code":{"type":"string","description":"Use to filter log, optional value: `not0` only returns the error log. `is0` only returns the correct log. `TimeLimitExceeded` returns the log of the function call timeout. `ResourceLimitExceeded` returns the function call generation resource overrun log. `UserCodeException` returns logs of the user code error that occurred in the function call. Not passing the parameter means returning all logs.","description_kind":"plain","optional":true},"start_time":{"type":"string","description":"The start time of the query, the format is `2017-05-16 20:00:00`, which can only be within one day from `end_time`.","description_kind":"plain","optional":true}},"description_kind":"plain"}},"tencentcloud_scf_namespaces":{"version":0,"block":{"attributes":{"description":{"type":"string","description":"Description of the SCF namespace to be queried.","description_kind":"plain","optional":true},"id":{"type":"string","description_kind":"plain","optional":true,"computed":true},"namespace":{"type":"string","description":"Name of the SCF namespace to be queried.","description_kind":"plain","optional":true},"namespaces":{"type":["list",["object",{"create_time":"string","description":"string","modify_time":"string","namespace":"string","type":"string"}]],"description":"An information list of namespace. Each element contains the following attributes:","description_kind":"plain","computed":true},"result_output_file":{"type":"string","description":"Used to save results.","description_kind":"plain","optional":true}},"description_kind":"plain"}},"tencentcloud_security_group":{"version":0,"block":{"attributes":{"be_associate_count":{"type":"number","description":"Number of security group binding resources.","description_kind":"plain","computed":true},"create_time":{"type":"string","description":"Creation time of security group.","description_kind":"plain","computed":true},"description":{"type":"string","description":"Description of the security group.","description_kind":"plain","computed":true},"id":{"type":"string","description_kind":"plain","optional":true,"computed":true},"name":{"type":"string","description":"Name of the security group to be queried. Conflict with `security_group_id`.","description_kind":"plain","optional":true},"project_id":{"type":"number","description":"Project ID of the security group.","description_kind":"plain","computed":true},"security_group_id":{"type":"string","description":"ID of the security group to be queried. Conflict with `name`.","description_kind":"plain","optional":true}},"description_kind":"plain","deprecated":true}},"tencentcloud_security_groups":{"version":0,"block":{"attributes":{"id":{"type":"string","description_kind":"plain","optional":true,"computed":true},"name":{"type":"string","description":"Name of the security group to be queried. Conflict with `security_group_id`.","description_kind":"plain","optional":true},"project_id":{"type":"number","description":"Project ID of the security group to be queried. Conflict with `security_group_id`.","description_kind":"plain","optional":true},"result_output_file":{"type":"string","description":"Used to save results.","description_kind":"plain","optional":true},"security_group_id":{"type":"string","description":"ID of the security group to be queried. Conflict with `name` and `project_id`.","description_kind":"plain","optional":true},"security_groups":{"type":["list",["object",{"be_associate_count":"number","create_time":"string","description":"string","egress":["list","string"],"ingress":["list","string"],"name":"string","project_id":"number","security_group_id":"string","tags":["map","string"]}]],"description":"Information list of security group.","description_kind":"plain","computed":true},"tags":{"type":["map","string"],"description":"Tags of the security group to be queried. Conflict with `security_group_id`.","description_kind":"plain","optional":true}},"description_kind":"plain"}},"tencentcloud_sqlserver_account_db_attachments":{"version":0,"block":{"attributes":{"account_name":{"type":"string","description":"Name of the SQL Server account to be queried.","description_kind":"plain","optional":true},"db_name":{"type":"string","description":"Name of the DB to be queried.","description_kind":"plain","optional":true},"id":{"type":"string","description_kind":"plain","optional":true,"computed":true},"instance_id":{"type":"string","description":"SQL Server instance ID that the account belongs to.","description_kind":"plain","required":true},"list":{"type":["list",["object",{"account_name":"string","db_name":"string","instance_id":"string","privilege":"string"}]],"description":"A list of SQL Server account. Each element contains the following attributes:","description_kind":"plain","computed":true},"result_output_file":{"type":"string","description":"Used to store results.","description_kind":"plain","optional":true}},"description_kind":"plain"}},"tencentcloud_sqlserver_accounts":{"version":0,"block":{"attributes":{"id":{"type":"string","description_kind":"plain","optional":true,"computed":true},"instance_id":{"type":"string","description":"SQL server instance ID that the account belongs to.","description_kind":"plain","required":true},"list":{"type":["list",["object",{"create_time":"string","instance_id":"string","name":"string","remark":"string","status":"number","update_time":"string"}]],"description":"A list of SQL Server account. Each element contains the following attributes:","description_kind":"plain","computed":true},"name":{"type":"string","description":"Name of the SQL server account to be queried.","description_kind":"plain","optional":true},"result_output_file":{"type":"string","description":"Used to store results.","description_kind":"plain","optional":true}},"description_kind":"plain"}},"tencentcloud_sqlserver_backups":{"version":0,"block":{"attributes":{"end_time":{"type":"string","description":"End time of the instance list, like yyyy-MM-dd HH:mm:ss.","description_kind":"plain","required":true},"id":{"type":"string","description_kind":"plain","optional":true,"computed":true},"instance_id":{"type":"string","description":"Instance ID.","description_kind":"plain","required":true},"list":{"type":["list",["object",{"db_list":["list","string"],"end_time":"string","file_name":"string","id":"string","instance_id":"string","internet_url":"string","intranet_url":"string","size":"number","start_time":"string","status":"number","strategy":"number","trigger_model":"number"}]],"description":"A list of SQL Server backup. Each element contains the following attributes:","description_kind":"plain","computed":true},"result_output_file":{"type":"string","description":"Used to store results.","description_kind":"plain","optional":true},"start_time":{"type":"string","description":"Start time of the instance list, like yyyy-MM-dd HH:mm:ss.","description_kind":"plain","required":true}},"description_kind":"plain"}},"tencentcloud_sqlserver_dbs":{"version":0,"block":{"attributes":{"db_list":{"type":["list",["object",{"charset":"string","create_time":"string","instance_id":"string","name":"string","remark":"string","status":"string"}]],"description":"A list of dbs belong to the specific instance. Each element contains the following attributes:","description_kind":"plain","computed":true},"id":{"type":"string","description_kind":"plain","optional":true,"computed":true},"instance_id":{"type":"string","description":"SQL Server instance ID which DB belongs to.","description_kind":"plain","required":true},"result_output_file":{"type":"string","description":"Used to store results.","description_kind":"plain","optional":true}},"description_kind":"plain"}},"tencentcloud_sqlserver_instances":{"version":0,"block":{"attributes":{"id":{"type":"string","description":"ID of the SQL Server instance to be query.","description_kind":"plain","optional":true},"instance_list":{"type":["list",["object",{"availability_zone":"string","charge_type":"string","create_time":"string","engine_version":"string","ha_type":"string","id":"string","memory":"number","name":"string","project_id":"number","ro_flag":"string","status":"number","storage":"number","subnet_id":"string","used_storage":"number","vip":"string","vpc_id":"string","vport":"number"}]],"description":"A list of SQL Server instances. Each element contains the following attributes.","description_kind":"plain","computed":true},"project_id":{"type":"number","description":"Project ID of the SQL Server instance to be query.","description_kind":"plain","optional":true},"result_output_file":{"type":"string","description":"Used to save results.","description_kind":"plain","optional":true},"subnet_id":{"type":"string","description":"Subnet ID of the SQL Server instance to be query.","description_kind":"plain","optional":true},"vpc_id":{"type":"string","description":"Vpc ID of the SQL Server instance to be query.","description_kind":"plain","optional":true}},"description_kind":"plain"}},"tencentcloud_sqlserver_readonly_groups":{"version":0,"block":{"attributes":{"id":{"type":"string","description_kind":"plain","optional":true,"computed":true},"list":{"type":["list",["object",{"id":"string","is_offline_delay":"number","master_instance_id":"string","max_delay_time":"number","min_instances":"number","name":"string","readonly_instance_set":["list","string"],"status":"number","vip":"string","vport":"number"}]],"description":"A list of SQL Server readonly group. Each element contains the following attributes:","description_kind":"plain","computed":true},"master_instance_id":{"type":"string","description":"Master SQL Server instance ID.","description_kind":"plain","optional":true},"result_output_file":{"type":"string","description":"Used to store results.","description_kind":"plain","optional":true}},"description_kind":"plain"}},"tencentcloud_sqlserver_zone_config":{"version":0,"block":{"attributes":{"id":{"type":"string","description_kind":"plain","optional":true,"computed":true},"result_output_file":{"type":"string","description":"Used to store results.","description_kind":"plain","optional":true},"zone_list":{"type":["list",["object",{"availability_zone":"string","specinfo_list":["list",["object",{"charge_type":"string","cpu":"number","db_version":"string","db_version_name":"string","machine_type":"string","max_storage_size":"number","memory":"number","min_storage_size":"number","qps":"number","spec_id":"number"}]],"zone_id":"number"}]],"description":"A list of availability zones. Each element contains the following attributes:","description_kind":"plain","computed":true}},"description_kind":"plain"}},"tencentcloud_ssl_certificates":{"version":0,"block":{"attributes":{"certificates":{"type":["list",["object",{"begin_time":"string","cert":"string","create_time":"string","domain":"string","end_time":"string","id":"string","name":"string","product_zh_name":"string","project_id":"number","status":"number","subject_names":["list","string"],"type":"string"}]],"description":"An information list of certificate. Each element contains the following attributes:","description_kind":"plain","computed":true},"id":{"type":"string","description":"ID of the SSL certificate to be queried.","description_kind":"plain","optional":true},"name":{"type":"string","description":"Name of the SSL certificate to be queried.","description_kind":"plain","optional":true},"result_output_file":{"type":"string","description":"Used to save results.","description_kind":"plain","optional":true},"type":{"type":"string","description":"Type of the SSL certificate to be queried. Available values includes: `CA` and `SVR`.","description_kind":"plain","optional":true}},"description_kind":"plain"}},"tencentcloud_subnet":{"version":0,"block":{"attributes":{"availability_zone":{"type":"string","description":"The AZ for the subnet.","description_kind":"plain","computed":true},"cidr_block":{"type":"string","description":"The CIDR block of the Subnet.","description_kind":"plain","computed":true},"id":{"type":"string","description_kind":"plain","optional":true,"computed":true},"name":{"type":"string","description":"The name for the Subnet.","description_kind":"plain","computed":true},"route_table_id":{"type":"string","description":"The Route Table ID.","description_kind":"plain","computed":true},"subnet_id":{"type":"string","description":"The ID of the Subnet.","description_kind":"plain","required":true},"vpc_id":{"type":"string","description":"The VPC ID.","description_kind":"plain","required":true}},"description_kind":"plain","deprecated":true}},"tencentcloud_tcaplus_clusters":{"version":0,"block":{"attributes":{"cluster_id":{"type":"string","description":"Id of the TcaplusDB cluster to be query.","description_kind":"plain","optional":true},"cluster_name":{"type":"string","description":"Name of the TcaplusDB cluster to be query.","description_kind":"plain","optional":true},"id":{"type":"string","description_kind":"plain","optional":true,"computed":true},"list":{"type":["list",["object",{"api_access_id":"string","api_access_ip":"string","api_access_port":"number","cluster_id":"string","cluster_name":"string","create_time":"string","idl_type":"string","network_type":"string","old_password_expire_time":"string","password":"string","password_status":"string","subnet_id":"string","vpc_id":"string"}]],"description":"A list of TcaplusDB cluster. Each element contains the following attributes.","description_kind":"plain","computed":true},"result_output_file":{"type":"string","description":"File for saving results.","description_kind":"plain","optional":true}},"description_kind":"plain"}},"tencentcloud_tcaplus_idls":{"version":0,"block":{"attributes":{"cluster_id":{"type":"string","description":"Id of the TcaplusDB cluster to be query.","description_kind":"plain","required":true},"id":{"type":"string","description_kind":"plain","optional":true,"computed":true},"list":{"type":["list",["object",{"idl_id":"string"}]],"description":"A list of TcaplusDB table IDL. Each element contains the following attributes.","description_kind":"plain","computed":true},"result_output_file":{"type":"string","description":"File for saving results.","description_kind":"plain","optional":true}},"description_kind":"plain"}},"tencentcloud_tcaplus_tablegroups":{"version":0,"block":{"attributes":{"cluster_id":{"type":"string","description":"Id of the TcaplusDB cluster to be query.","description_kind":"plain","required":true},"id":{"type":"string","description_kind":"plain","optional":true,"computed":true},"list":{"type":["list",["object",{"create_time":"string","table_count":"number","tablegroup_id":"string","tablegroup_name":"string","total_size":"number"}]],"description":"A list of table group. Each element contains the following attributes.","description_kind":"plain","computed":true},"result_output_file":{"type":"string","description":"File for saving results.","description_kind":"plain","optional":true},"tablegroup_id":{"type":"string","description":"Id of the table group to be query.","description_kind":"plain","optional":true},"tablegroup_name":{"type":"string","description":"Name of the table group to be query.","description_kind":"plain","optional":true}},"description_kind":"plain"}},"tencentcloud_tcaplus_tables":{"version":0,"block":{"attributes":{"cluster_id":{"type":"string","description":"Id of the TcaplusDB cluster to be query.","description_kind":"plain","required":true},"id":{"type":"string","description_kind":"plain","optional":true,"computed":true},"list":{"type":["list",["object",{"create_time":"string","description":"string","error":"string","idl_id":"string","reserved_read_cu":"number","reserved_volume":"number","reserved_write_cu":"number","status":"string","table_id":"string","table_idl_type":"string","table_name":"string","table_size":"number","table_type":"string","tablegroup_id":"string"}]],"description":"A list of TcaplusDB tables. Each element contains the following attributes.","description_kind":"plain","computed":true},"result_output_file":{"type":"string","description":"File for saving results.","description_kind":"plain","optional":true},"table_id":{"type":"string","description":"Table id to be query.","description_kind":"plain","optional":true},"table_name":{"type":"string","description":"Table name to be query.","description_kind":"plain","optional":true},"tablegroup_id":{"type":"string","description":"Id of the table group to be query.","description_kind":"plain","optional":true}},"description_kind":"plain"}},"tencentcloud_vpc":{"version":0,"block":{"attributes":{"cidr_block":{"type":"string","description":"The CIDR block of the VPC.","description_kind":"plain","computed":true},"id":{"type":"string","description":"The id of the specific VPC to retrieve.","description_kind":"plain","optional":true,"computed":true},"is_default":{"type":"bool","description":"Whether or not the default VPC.","description_kind":"plain","computed":true},"is_multicast":{"type":"bool","description":"Whether or not the VPC has Multicast support.","description_kind":"plain","computed":true},"name":{"type":"string","description":"The name of the specific VPC to retrieve.","description_kind":"plain","optional":true,"computed":true}},"description_kind":"plain","deprecated":true}},"tencentcloud_vpc_acls":{"version":0,"block":{"attributes":{"acl_list":{"type":["list",["object",{"create_time":"string","egress":["list",["object",{"cidr_block":"string","description":"string","policy":"string","port":"string","protocol":"string"}]],"id":"string","ingress":["list",["object",{"cidr_block":"string","description":"string","policy":"string","port":"string","protocol":"string"}]],"name":"string","subnets":["list",["object",{"cidr_block":"string","subnet_id":"string","subnet_name":"string","tags":["map","string"],"vpc_id":"string"}]],"vpc_id":"string"}]],"description":"The information list of the VPC. Each element contains the following attributes:","description_kind":"plain","computed":true},"id":{"type":"string","description":"ID of the network ACL instance.","description_kind":"plain","optional":true},"name":{"type":"string","description":"Name of the network ACL.","description_kind":"plain","optional":true},"result_output_file":{"type":"string","description":"Used to save results.","description_kind":"plain","optional":true},"vpc_id":{"type":"string","description":"ID of the VPC instance.","description_kind":"plain","optional":true}},"description_kind":"plain"}},"tencentcloud_vpc_instances":{"version":0,"block":{"attributes":{"cidr_block":{"type":"string","description":"Filter VPC with this CIDR.","description_kind":"plain","optional":true},"id":{"type":"string","description_kind":"plain","optional":true,"computed":true},"instance_list":{"type":["list",["object",{"cidr_block":"string","create_time":"string","dns_servers":["list","string"],"is_default":"bool","is_multicast":"bool","name":"string","subnet_ids":["list","string"],"tags":["map","string"],"vpc_id":"string"}]],"description":"The information list of the VPC.","description_kind":"plain","computed":true},"is_default":{"type":"bool","description":"Filter default or no default VPC.","description_kind":"plain","optional":true},"name":{"type":"string","description":"Name of the VPC to be queried.","description_kind":"plain","optional":true},"result_output_file":{"type":"string","description":"Used to save results.","description_kind":"plain","optional":true},"tag_key":{"type":"string","description":"Filter if VPC has this tag.","description_kind":"plain","optional":true},"tags":{"type":["map","string"],"description":"Tags of the VPC to be queried.","description_kind":"plain","optional":true},"vpc_id":{"type":"string","description":"ID of the VPC to be queried.","description_kind":"plain","optional":true}},"description_kind":"plain"}},"tencentcloud_vpc_route_tables":{"version":0,"block":{"attributes":{"association_main":{"type":"bool","description":"Filter the main routing table.","description_kind":"plain","optional":true},"id":{"type":"string","description_kind":"plain","optional":true,"computed":true},"instance_list":{"type":["list",["object",{"create_time":"string","is_default":"bool","name":"string","route_entry_infos":["list",["object",{"description":"string","destination_cidr_block":"string","next_hub":"string","next_type":"string","route_entry_id":"string"}]],"route_table_id":"string","subnet_ids":["list","string"],"tags":["map","string"],"vpc_id":"string"}]],"description":"The information list of the VPC route table.","description_kind":"plain","computed":true},"name":{"type":"string","description":"Name of the routing table to be queried.","description_kind":"plain","optional":true},"result_output_file":{"type":"string","description":"Used to save results.","description_kind":"plain","optional":true},"route_table_id":{"type":"string","description":"ID of the routing table to be queried.","description_kind":"plain","optional":true},"tag_key":{"type":"string","description":"Filter if routing table has this tag.","description_kind":"plain","optional":true},"tags":{"type":["map","string"],"description":"Tags of the routing table to be queried.","description_kind":"plain","optional":true},"vpc_id":{"type":"string","description":"ID of the VPC to be queried.","description_kind":"plain","optional":true}},"description_kind":"plain"}},"tencentcloud_vpc_subnets":{"version":0,"block":{"attributes":{"availability_zone":{"type":"string","description":"Zone of the subnet to be queried.","description_kind":"plain","optional":true},"cidr_block":{"type":"string","description":"Filter subnet with this CIDR.","description_kind":"plain","optional":true},"id":{"type":"string","description_kind":"plain","optional":true,"computed":true},"instance_list":{"type":["list",["object",{"availability_zone":"string","available_ip_count":"number","cidr_block":"string","create_time":"string","is_default":"bool","is_multicast":"bool","name":"string","route_table_id":"string","subnet_id":"string","tags":["map","string"],"vpc_id":"string"}]],"description":"List of subnets.","description_kind":"plain","computed":true},"is_default":{"type":"bool","description":"Filter default or no default subnets.","description_kind":"plain","optional":true},"is_remote_vpc_snat":{"type":"bool","description":"Filter the VPC SNAT address pool subnet.","description_kind":"plain","optional":true},"name":{"type":"string","description":"Name of the subnet to be queried.","description_kind":"plain","optional":true},"result_output_file":{"type":"string","description":"Used to save results.","description_kind":"plain","optional":true},"subnet_id":{"type":"string","description":"ID of the subnet to be queried.","description_kind":"plain","optional":true},"tag_key":{"type":"string","description":"Filter if subnet has this tag.","description_kind":"plain","optional":true},"tags":{"type":["map","string"],"description":"Tags of the subnet to be queried.","description_kind":"plain","optional":true},"vpc_id":{"type":"string","description":"ID of the VPC to be queried.","description_kind":"plain","optional":true}},"description_kind":"plain"}},"tencentcloud_vpn_connections":{"version":0,"block":{"attributes":{"connection_list":{"type":["list",["object",{"create_time":"string","customer_gateway_id":"string","encrypt_proto":"string","id":"string","ike_dh_group_name":"string","ike_exchange_mode":"string","ike_local_address":"string","ike_local_fqdn_name":"string","ike_local_identity":"string","ike_proto_authen_algorithm":"string","ike_proto_encry_algorithm":"string","ike_remote_address":"string","ike_remote_fqdn_name":"string","ike_remote_identity":"string","ike_sa_lifetime_seconds":"number","ike_version":"string","ipsec_encrypt_algorithm":"string","ipsec_integrity_algorithm":"string","ipsec_pfs_dh_group":"string","ipsec_sa_lifetime_seconds":"number","ipsec_sa_lifetime_traffic":"number","name":"string","net_status":"string","pre_share_key":"string","route_type":"string","security_group_policy":["list",["object",{"local_cidr_block":"string","remote_cidr_block":["set","string"]}]],"state":"string","tags":["map","string"],"vpc_id":"string","vpn_gateway_id":"string","vpn_proto":"string"}]],"description":"Information list of the dedicated connections.","description_kind":"plain","computed":true},"customer_gateway_id":{"type":"string","description":"Customer gateway ID of the VPN connection.","description_kind":"plain","optional":true},"id":{"type":"string","description":"ID of the VPN connection.","description_kind":"plain","optional":true},"name":{"type":"string","description":"Name of the VPN connection. The length of character is limited to 1-60.","description_kind":"plain","optional":true},"result_output_file":{"type":"string","description":"Used to save results.","description_kind":"plain","optional":true},"tags":{"type":["map","string"],"description":"Tags of the VPN connection to be queried.","description_kind":"plain","optional":true},"vpc_id":{"type":"string","description":"ID of the VPC.","description_kind":"plain","optional":true},"vpn_gateway_id":{"type":"string","description":"VPN gateway ID of the VPN connection.","description_kind":"plain","optional":true}},"description_kind":"plain"}},"tencentcloud_vpn_customer_gateways":{"version":0,"block":{"attributes":{"gateway_list":{"type":["list",["object",{"create_time":"string","id":"string","name":"string","public_ip_address":"string","tags":["map","string"]}]],"description":"Information list of the dedicated gateways.","description_kind":"plain","computed":true},"id":{"type":"string","description":"ID of the VPN customer gateway.","description_kind":"plain","optional":true},"name":{"type":"string","description":"Name of the customer gateway. The length of character is limited to 1-60.","description_kind":"plain","optional":true},"public_ip_address":{"type":"string","description":"Public ip address of the VPN customer gateway.","description_kind":"plain","optional":true},"result_output_file":{"type":"string","description":"Used to save results.","description_kind":"plain","optional":true},"tags":{"type":["map","string"],"description":"Tags of the VPN customer gateway to be queried.","description_kind":"plain","optional":true}},"description_kind":"plain"}},"tencentcloud_vpn_gateways":{"version":0,"block":{"attributes":{"gateway_list":{"type":["list",["object",{"bandwidth":"number","charge_type":"string","create_time":"string","expired_time":"string","id":"string","is_address_blocked":"bool","name":"string","new_purchase_plan":"string","prepaid_renew_flag":"string","public_ip_address":"string","restrict_state":"string","state":"string","tags":["map","string"],"type":"string","vpc_id":"string","zone":"string"}]],"description":"Information list of the dedicated gateways.","description_kind":"plain","computed":true},"id":{"type":"string","description":"ID of the VPN gateway.","description_kind":"plain","optional":true},"name":{"type":"string","description":"Name of the VPN gateway. The length of character is limited to 1-60.","description_kind":"plain","optional":true},"public_ip_address":{"type":"string","description":"Public ip address of the VPN gateway.","description_kind":"plain","optional":true},"result_output_file":{"type":"string","description":"Used to save results.","description_kind":"plain","optional":true},"tags":{"type":["map","string"],"description":"Tags of the VPN gateway to be queried.","description_kind":"plain","optional":true},"vpc_id":{"type":"string","description":"ID of the VPC.","description_kind":"plain","optional":true},"zone":{"type":"string","description":"Zone of the VPN gateway.","description_kind":"plain","optional":true}},"description_kind":"plain"}}}}}}
