{"format_version":"0.1","provider_schemas":{"registry.terraform.io/innovia/fastly":{"provider":{"version":0,"block":{"attributes":{"api_key":{"type":"string","description":"Fastly API Key from https://app.fastly.com/#account","description_kind":"plain","optional":true},"base_url":{"type":"string","description":"Fastly API URL","description_kind":"plain","optional":true}},"description_kind":"plain"}},"resource_schemas":{"fastly_service_acl_entries_v1":{"version":0,"block":{"attributes":{"acl_id":{"type":"string","description":"ACL Id","description_kind":"plain","required":true},"id":{"type":"string","description_kind":"plain","optional":true,"computed":true},"service_id":{"type":"string","description":"Service Id","description_kind":"plain","required":true}},"block_types":{"entry":{"nesting_mode":"set","block":{"attributes":{"comment":{"type":"string","description":"A personal freeform descriptive note","description_kind":"plain","optional":true},"id":{"type":"string","description_kind":"plain","computed":true},"ip":{"type":"string","description":"An IP address that is the focus for the ACL","description_kind":"plain","required":true},"negated":{"type":"bool","description":"A boolean that will negate the match if true","description_kind":"plain","optional":true},"subnet":{"type":"string","description":"An optional subnet mask applied to the IP address","description_kind":"plain","optional":true}},"description_kind":"plain"},"max_items":10000}},"description_kind":"plain"}},"fastly_service_compute":{"version":0,"block":{"attributes":{"activate":{"type":"bool","description":"Conditionally prevents the Service from being activated","description_kind":"plain","optional":true},"active_version":{"type":"number","description_kind":"plain","computed":true},"cloned_version":{"type":"number","description_kind":"plain","computed":true},"comment":{"type":"string","description":"A personal freeform descriptive note","description_kind":"plain","optional":true},"force_destroy":{"type":"bool","description_kind":"plain","optional":true},"id":{"type":"string","description_kind":"plain","optional":true,"computed":true},"name":{"type":"string","description":"Unique name for this Service","description_kind":"plain","required":true},"version_comment":{"type":"string","description":"A personal freeform descriptive note","description_kind":"plain","optional":true}},"block_types":{"backend":{"nesting_mode":"set","block":{"attributes":{"address":{"type":"string","description":"An IPv4, hostname, or IPv6 address for the Backend","description_kind":"plain","required":true},"auto_loadbalance":{"type":"bool","description":"Should this Backend be load balanced","description_kind":"plain","optional":true},"between_bytes_timeout":{"type":"number","description":"How long to wait between bytes in milliseconds","description_kind":"plain","optional":true},"connect_timeout":{"type":"number","description":"How long to wait for a timeout in milliseconds","description_kind":"plain","optional":true},"error_threshold":{"type":"number","description":"Number of errors to allow before the Backend is marked as down","description_kind":"plain","optional":true},"first_byte_timeout":{"type":"number","description":"How long to wait for the first bytes in milliseconds","description_kind":"plain","optional":true},"healthcheck":{"type":"string","description":"The healthcheck name that should be used for this Backend","description_kind":"plain","optional":true},"max_conn":{"type":"number","description":"Maximum number of connections for this Backend","description_kind":"plain","optional":true},"max_tls_version":{"type":"string","description":"Maximum allowed TLS version on SSL connections to this backend.","description_kind":"plain","optional":true},"min_tls_version":{"type":"string","description":"Minimum allowed TLS version on SSL connections to this backend.","description_kind":"plain","optional":true},"name":{"type":"string","description":"A name for this Backend","description_kind":"plain","required":true},"override_host":{"type":"string","description":"The hostname to override the Host header","description_kind":"plain","optional":true},"port":{"type":"number","description":"The port number Backend responds on. Default 80","description_kind":"plain","optional":true},"shield":{"type":"string","description":"The POP of the shield designated to reduce inbound load.","description_kind":"plain","optional":true},"ssl_ca_cert":{"type":"string","description":"CA certificate attached to origin.","description_kind":"plain","optional":true},"ssl_cert_hostname":{"type":"string","description":"SSL certificate hostname for cert verification","description_kind":"plain","optional":true},"ssl_check_cert":{"type":"bool","description":"Be strict on checking SSL certs","description_kind":"plain","optional":true},"ssl_ciphers":{"type":"string","description":"Comma sepparated list of ciphers","description_kind":"plain","optional":true},"ssl_client_cert":{"type":"string","description":"SSL certificate file for client connections to the backend.","description_kind":"plain","optional":true,"sensitive":true},"ssl_client_key":{"type":"string","description":"SSL key file for client connections to backend.","description_kind":"plain","optional":true,"sensitive":true},"ssl_hostname":{"type":"string","description":"SSL certificate hostname","description_kind":"plain","optional":true},"ssl_sni_hostname":{"type":"string","description":"SSL certificate hostname for SNI verification","description_kind":"plain","optional":true},"use_ssl":{"type":"bool","description":"Whether or not to use SSL to reach the Backend","description_kind":"plain","optional":true},"weight":{"type":"number","description":"The portion of traffic to send to a specific origins. Each origin receives weight/total of the traffic.","description_kind":"plain","optional":true}},"description_kind":"plain"}},"bigquerylogging":{"nesting_mode":"set","block":{"attributes":{"dataset":{"type":"string","description":"The ID of your BigQuery dataset","description_kind":"plain","required":true},"email":{"type":"string","description":"The email address associated with the target BigQuery dataset on your account.","description_kind":"plain","optional":true,"sensitive":true},"name":{"type":"string","description":"Unique name to refer to this logging setup","description_kind":"plain","required":true},"project_id":{"type":"string","description":"The ID of your GCP project","description_kind":"plain","required":true},"secret_key":{"type":"string","description":"The secret key associated with the target BigQuery dataset on your account.","description_kind":"plain","optional":true,"sensitive":true},"table":{"type":"string","description":"The ID of your BigQuery table","description_kind":"plain","required":true},"template":{"type":"string","description":"Big query table name suffix template","description_kind":"plain","optional":true}},"description_kind":"plain"}},"blobstoragelogging":{"nesting_mode":"set","block":{"attributes":{"account_name":{"type":"string","description":"The unique Azure Blob Storage namespace in which your data objects are stored","description_kind":"plain","required":true},"container":{"type":"string","description":"The name of the Azure Blob Storage container in which to store logs","description_kind":"plain","required":true},"gzip_level":{"type":"number","description":"The Gzip compression level (default: 0)","description_kind":"plain","optional":true},"message_type":{"type":"string","description":"How the message should be formatted (default: `classic`)","description_kind":"plain","optional":true},"name":{"type":"string","description":"The unique name of the Azure Blob Storage logging endpoint","description_kind":"plain","required":true},"path":{"type":"string","description":"The path to upload logs to. Must end with a trailing slash","description_kind":"plain","optional":true},"period":{"type":"number","description":"How frequently the logs should be transferred, in seconds (default: 3600)","description_kind":"plain","optional":true},"public_key":{"type":"string","description":"The PGP public key that Fastly will use to encrypt your log files before writing them to disk","description_kind":"plain","optional":true},"sas_token":{"type":"string","description":"The Azure shared access signature providing write access to the blob service objects","description_kind":"plain","optional":true,"sensitive":true},"timestamp_format":{"type":"string","description":"strftime specified timestamp formatting (default: `%Y-%m-%dT%H:%M:%S.000`)","description_kind":"plain","optional":true}},"description_kind":"plain"}},"domain":{"nesting_mode":"set","block":{"attributes":{"comment":{"type":"string","description_kind":"plain","optional":true},"name":{"type":"string","description":"The domain that this Service will respond to","description_kind":"plain","required":true}},"description_kind":"plain"},"min_items":1},"gcslogging":{"nesting_mode":"set","block":{"attributes":{"bucket_name":{"type":"string","description":"The name of the bucket in which to store the logs.","description_kind":"plain","required":true},"email":{"type":"string","description":"The email address associated with the target GCS bucket on your account.","description_kind":"plain","optional":true},"gzip_level":{"type":"number","description":"Gzip Compression level","description_kind":"plain","optional":true},"message_type":{"type":"string","description":"The log message type per the fastly docs: https://docs.fastly.com/api/logging#logging_gcs","description_kind":"plain","optional":true},"name":{"type":"string","description":"Unique name to refer to this logging setup","description_kind":"plain","required":true},"path":{"type":"string","description":"Path to store the files. Must end with a trailing slash","description_kind":"plain","optional":true},"period":{"type":"number","description":"How frequently the logs should be transferred, in seconds (Default 3600)","description_kind":"plain","optional":true},"secret_key":{"type":"string","description":"The secret key associated with the target gcs bucket on your account.","description_kind":"plain","optional":true,"sensitive":true},"timestamp_format":{"type":"string","description":"specified timestamp formatting (default `%Y-%m-%dT%H:%M:%S.000`)","description_kind":"plain","optional":true}},"description_kind":"plain"}},"healthcheck":{"nesting_mode":"set","block":{"attributes":{"check_interval":{"type":"number","description":"How often to run the healthcheck in milliseconds","description_kind":"plain","optional":true},"expected_response":{"type":"number","description":"The status code expected from the host","description_kind":"plain","optional":true},"host":{"type":"string","description":"Which host to check","description_kind":"plain","required":true},"http_version":{"type":"string","description":"Whether to use version 1.0 or 1.1 HTTP","description_kind":"plain","optional":true},"initial":{"type":"number","description":"When loading a config, the initial number of probes to be seen as OK","description_kind":"plain","optional":true},"method":{"type":"string","description":"Which HTTP method to use","description_kind":"plain","optional":true},"name":{"type":"string","description":"A name to refer to this healthcheck","description_kind":"plain","required":true},"path":{"type":"string","description":"The path to check","description_kind":"plain","required":true},"threshold":{"type":"number","description":"How many healthchecks must succeed to be considered healthy","description_kind":"plain","optional":true},"timeout":{"type":"number","description":"Timeout in milliseconds","description_kind":"plain","optional":true},"window":{"type":"number","description":"The number of most recent healthcheck queries to keep for this healthcheck","description_kind":"plain","optional":true}},"description_kind":"plain"}},"httpslogging":{"nesting_mode":"set","block":{"attributes":{"content_type":{"type":"string","description":"Content-Type header sent with the request.","description_kind":"plain","optional":true},"header_name":{"type":"string","description":"Custom header sent with the request.","description_kind":"plain","optional":true},"header_value":{"type":"string","description":"Value of the custom header sent with the request.","description_kind":"plain","optional":true},"json_format":{"type":"string","description":"Formats log entries as JSON. Can be either disabled (`0`), array of json (`1`), or newline delimited json (`2`).","description_kind":"plain","optional":true},"message_type":{"type":"string","description":"How the message should be formatted","description_kind":"plain","optional":true},"method":{"type":"string","description":"HTTP method used for request.","description_kind":"plain","optional":true},"name":{"type":"string","description":"The unique name of the HTTPS logging endpoint","description_kind":"plain","required":true},"request_max_bytes":{"type":"number","description":"The maximum number of bytes sent in one request.","description_kind":"plain","optional":true},"request_max_entries":{"type":"number","description":"The maximum number of logs sent in one request.","description_kind":"plain","optional":true},"tls_ca_cert":{"type":"string","description":"A secure certificate to authenticate the server with. Must be in PEM format.","description_kind":"plain","optional":true,"sensitive":true},"tls_client_cert":{"type":"string","description":"The client certificate used to make authenticated requests. Must be in PEM format.","description_kind":"plain","optional":true,"sensitive":true},"tls_client_key":{"type":"string","description":"The client private key used to make authenticated requests. Must be in PEM format.","description_kind":"plain","optional":true,"sensitive":true},"tls_hostname":{"type":"string","description":"The hostname used to verify the server's certificate. It can either be the Common Name (CN) or blockAttributes Subject Alternative Name (SAN).","description_kind":"plain","optional":true},"url":{"type":"string","description":"URL that log data will be sent to. Must use the https protocol.","description_kind":"plain","required":true}},"description_kind":"plain"}},"logentries":{"nesting_mode":"set","block":{"attributes":{"name":{"type":"string","description":"Unique name to refer to this logging setup","description_kind":"plain","required":true},"port":{"type":"number","description":"The port number configured in Logentries","description_kind":"plain","optional":true},"token":{"type":"string","description":"Use token based authentication (https://logentries.com/doc/input-token/)","description_kind":"plain","required":true},"use_tls":{"type":"bool","description":"Whether to use TLS for secure logging","description_kind":"plain","optional":true}},"description_kind":"plain"}},"logging_cloudfiles":{"nesting_mode":"set","block":{"attributes":{"access_key":{"type":"string","description":"Your Cloudfile account access key.","description_kind":"plain","required":true,"sensitive":true},"bucket_name":{"type":"string","description":"The name of your Cloud Files container.","description_kind":"plain","required":true},"gzip_level":{"type":"number","description":"What level of GZIP encoding to have when dumping logs (default 0, no compression).","description_kind":"plain","optional":true},"message_type":{"type":"string","description":"How the message should be formatted. One of: classic (default), loggly, logplex or blank.","description_kind":"plain","optional":true},"name":{"type":"string","description":"The unique name of the Cloud Files logging endpoint.","description_kind":"plain","required":true},"path":{"type":"string","description":"The path to upload logs to.","description_kind":"plain","optional":true},"period":{"type":"number","description":"How frequently log files are finalized so they can be available for reading (in seconds, default 3600).","description_kind":"plain","optional":true},"public_key":{"type":"string","description":"The PGP public key that Fastly will use to encrypt your log files before writing them to disk.","description_kind":"plain","optional":true},"region":{"type":"string","description":"The region to stream logs to. One of: DFW\t(Dallas), ORD (Chicago), IAD (Northern Virginia), LON (London), SYD (Sydney), HKG (Hong Kong).","description_kind":"plain","optional":true},"timestamp_format":{"type":"string","description":"The specified format of the log's timestamp (default `%Y-%m-%dT%H:%M:%S.000`).","description_kind":"plain","optional":true},"user":{"type":"string","description":"The username for your Cloudfile account.","description_kind":"plain","required":true}},"description_kind":"plain"}},"logging_datadog":{"nesting_mode":"set","block":{"attributes":{"name":{"type":"string","description":"The unique name of the Datadog logging endpoint.","description_kind":"plain","required":true},"region":{"type":"string","description":"The region that log data will be sent to. One of `US` or `EU`. Defaults to `US` if undefined.","description_kind":"plain","optional":true},"token":{"type":"string","description":"The API key from your Datadog account.","description_kind":"plain","required":true,"sensitive":true}},"description_kind":"plain"}},"logging_digitalocean":{"nesting_mode":"set","block":{"attributes":{"access_key":{"type":"string","description":"Your DigitalOcean Spaces account access key.","description_kind":"plain","required":true,"sensitive":true},"bucket_name":{"type":"string","description":"The name of the DigitalOcean Space.","description_kind":"plain","required":true},"domain":{"type":"string","description":"The domain of the DigitalOcean Spaces endpoint (default: nyc3.digitaloceanspaces.com).","description_kind":"plain","optional":true},"gzip_level":{"type":"number","description":"What level of Gzip encoding to have when dumping logs (default 0, no compression).","description_kind":"plain","optional":true},"message_type":{"type":"string","description":"How the message should be formatted.","description_kind":"plain","optional":true},"name":{"type":"string","description":"The unique name of the DigitalOcean Spaces logging endpoint.","description_kind":"plain","required":true},"path":{"type":"string","description":"The path to upload logs to.","description_kind":"plain","optional":true},"period":{"type":"number","description":"How frequently log files are finalized so they can be available for reading (in seconds, default 3600).","description_kind":"plain","optional":true},"public_key":{"type":"string","description":"A PGP public key that Fastly will use to encrypt your log files before writing them to disk.","description_kind":"plain","optional":true},"secret_key":{"type":"string","description":"Your DigitalOcean Spaces account secret key.","description_kind":"plain","required":true,"sensitive":true},"timestamp_format":{"type":"string","description":"strftime specified timestamp formatting (default `%Y-%m-%dT%H:%M:%S.000`).","description_kind":"plain","optional":true}},"description_kind":"plain"}},"logging_elasticsearch":{"nesting_mode":"set","block":{"attributes":{"index":{"type":"string","description":"The name of the Elasticsearch index to send documents (logs) to.","description_kind":"plain","required":true},"name":{"type":"string","description":"The unique name of the Elasticsearch logging endpoint.","description_kind":"plain","required":true},"password":{"type":"string","description":"BasicAuth password.","description_kind":"plain","optional":true,"sensitive":true},"pipeline":{"type":"string","description":"The ID of the Elasticsearch ingest pipeline to apply pre-process transformations to before indexing.","description_kind":"plain","optional":true},"request_max_bytes":{"type":"number","description":"The maximum number of bytes sent in one request.","description_kind":"plain","optional":true},"request_max_entries":{"type":"number","description":"The maximum number of logs sent in one request.","description_kind":"plain","optional":true},"tls_ca_cert":{"type":"string","description":"A secure certificate to authenticate the server with. Must be in PEM format.","description_kind":"plain","optional":true,"sensitive":true},"tls_client_cert":{"type":"string","description":"The client certificate used to make authenticated requests. Must be in PEM format.","description_kind":"plain","optional":true,"sensitive":true},"tls_client_key":{"type":"string","description":"The client private key used to make authenticated requests. Must be in PEM format.","description_kind":"plain","optional":true,"sensitive":true},"tls_hostname":{"type":"string","description":"The hostname used to verify the server's certificate. It can either be the Common Name (CN) or blockAttributes Subject Alternative Name (SAN).","description_kind":"plain","optional":true},"url":{"type":"string","description":"The Elasticsearch URL to stream logs to.","description_kind":"plain","required":true},"user":{"type":"string","description":"BasicAuth user.","description_kind":"plain","optional":true}},"description_kind":"plain"}},"logging_ftp":{"nesting_mode":"set","block":{"attributes":{"address":{"type":"string","description":"The FTP URL to stream logs to.","description_kind":"plain","required":true},"gzip_level":{"type":"number","description":"Gzip Compression level.","description_kind":"plain","optional":true},"message_type":{"type":"string","description":"How the message should be formatted (default: `classic`)","description_kind":"plain","optional":true},"name":{"type":"string","description":"The unique name of the FTP logging endpoint.","description_kind":"plain","required":true},"password":{"type":"string","description":"The password for the server (for anonymous use an email address).","description_kind":"plain","required":true,"sensitive":true},"path":{"type":"string","description":"The path to upload log files to. If the path ends in / then it is treated as blockAttributes directory.","description_kind":"plain","required":true},"period":{"type":"number","description":"How frequently the logs should be transferred, in seconds (Default 3600).","description_kind":"plain","optional":true},"port":{"type":"number","description":"The port number.","description_kind":"plain","optional":true},"public_key":{"type":"string","description":"The PGP public key that Fastly will use to encrypt your log files before writing them to disk.","description_kind":"plain","optional":true},"timestamp_format":{"type":"string","description":"specified timestamp formatting (default `%Y-%m-%dT%H:%M:%S.000`).","description_kind":"plain","optional":true},"user":{"type":"string","description":"The username for the server (can be anonymous).","description_kind":"plain","required":true}},"description_kind":"plain"}},"logging_googlepubsub":{"nesting_mode":"set","block":{"attributes":{"name":{"type":"string","description":"The unique name of the Google Cloud Pub/Sub logging endpoint.","description_kind":"plain","required":true},"project_id":{"type":"string","description":"The ID of your Google Cloud Platform project.","description_kind":"plain","required":true},"secret_key":{"type":"string","description":"Your Google Cloud Platform account secret key. The private_key field in your service account authentication JSON.","description_kind":"plain","required":true},"topic":{"type":"string","description":"The Google Cloud Pub/Sub topic to which logs will be published.","description_kind":"plain","required":true},"user":{"type":"string","description":"Your Google Cloud Platform service account email address. The client_email field in your service account authentication JSON. ","description_kind":"plain","required":true}},"description_kind":"plain"}},"logging_heroku":{"nesting_mode":"set","block":{"attributes":{"name":{"type":"string","description":"The unique name of the Heroku logging endpoint.","description_kind":"plain","required":true},"token":{"type":"string","description":"The token to use for authentication (https://www.heroku.com/docs/customer-token-authentication-token/).","description_kind":"plain","required":true,"sensitive":true},"url":{"type":"string","description":"The url to stream logs to.","description_kind":"plain","required":true}},"description_kind":"plain"}},"logging_honeycomb":{"nesting_mode":"set","block":{"attributes":{"dataset":{"type":"string","description":"The Honeycomb Dataset you want to log to.","description_kind":"plain","required":true},"name":{"type":"string","description":"The unique name of the Honeycomb logging endpoint.","description_kind":"plain","required":true},"token":{"type":"string","description":"The Write Key from the Account page of your Honeycomb account.","description_kind":"plain","required":true,"sensitive":true}},"description_kind":"plain"}},"logging_kafka":{"nesting_mode":"set","block":{"attributes":{"brokers":{"type":"string","description":"A comma-separated list of IP addresses or hostnames of Kafka brokers.","description_kind":"plain","required":true},"compression_codec":{"type":"string","description":"The codec used for compression of your logs. One of: gzip, snappy, lz4.","description_kind":"plain","optional":true},"name":{"type":"string","description":"The unique name of the Kafka logging endpoint.","description_kind":"plain","required":true},"required_acks":{"type":"string","description":"The Number of acknowledgements blockAttributes leader must receive before blockAttributes write is considered successful. One of: 1 (default) One server needs to respond. 0 No servers need to respond. -1\tWait for all in-sync replicas to respond.","description_kind":"plain","optional":true},"tls_ca_cert":{"type":"string","description":"A secure certificate to authenticate the server with. Must be in PEM format.","description_kind":"plain","optional":true,"sensitive":true},"tls_client_cert":{"type":"string","description":"The client certificate used to make authenticated requests. Must be in PEM format.","description_kind":"plain","optional":true,"sensitive":true},"tls_client_key":{"type":"string","description":"The client private key used to make authenticated requests. Must be in PEM format.","description_kind":"plain","optional":true,"sensitive":true},"tls_hostname":{"type":"string","description":"The hostname used to verify the server's certificate. It can either be the Common Name or blockAttributes Subject Alternative Name (SAN).","description_kind":"plain","optional":true},"topic":{"type":"string","description":"The Kafka topic to send logs to.","description_kind":"plain","required":true},"use_tls":{"type":"bool","description":"Whether to use TLS for secure logging. Can be either true or false.","description_kind":"plain","optional":true}},"description_kind":"plain"}},"logging_loggly":{"nesting_mode":"set","block":{"attributes":{"name":{"type":"string","description":"The unique name of the Loggly logging endpoint.","description_kind":"plain","required":true},"token":{"type":"string","description":"The token to use for authentication (https://www.loggly.com/docs/customer-token-authentication-token/).","description_kind":"plain","required":true,"sensitive":true}},"description_kind":"plain"}},"logging_logshuttle":{"nesting_mode":"set","block":{"attributes":{"name":{"type":"string","description":"The unique name of the Log Shuttle logging endpoint.","description_kind":"plain","required":true},"token":{"type":"string","description":"The data authentication token associated with this endpoint.","description_kind":"plain","required":true,"sensitive":true},"url":{"type":"string","description":"Your Log Shuttle endpoint url.","description_kind":"plain","required":true}},"description_kind":"plain"}},"logging_newrelic":{"nesting_mode":"set","block":{"attributes":{"name":{"type":"string","description":"The unique name of the New Relic logging endpoint","description_kind":"plain","required":true},"token":{"type":"string","description":"The Insert API key from the Account page of your New Relic account.","description_kind":"plain","required":true,"sensitive":true}},"description_kind":"plain"}},"logging_openstack":{"nesting_mode":"set","block":{"attributes":{"access_key":{"type":"string","description":"Your OpenStack account access key.","description_kind":"plain","required":true,"sensitive":true},"bucket_name":{"type":"string","description":"The name of your OpenStack container.","description_kind":"plain","required":true},"gzip_level":{"type":"number","description":"What level of Gzip encoding to have when dumping logs (default 0, no compression).","description_kind":"plain","optional":true},"message_type":{"type":"string","description":"How the message should be formatted. One of: classic (default), loggly, logplex or blank.","description_kind":"plain","optional":true},"name":{"type":"string","description":"The unique name of the OpenStack logging endpoint.","description_kind":"plain","required":true},"path":{"type":"string","description":"The path to upload logs to.","description_kind":"plain","optional":true},"period":{"type":"number","description":"How frequently log files are finalized so they can be available for reading (in seconds, default 3600).","description_kind":"plain","optional":true},"public_key":{"type":"string","description":"A PGP public key that Fastly will use to encrypt your log files before writing them to disk.","description_kind":"plain","optional":true},"timestamp_format":{"type":"string","description":"specified timestamp formatting (default `%Y-%m-%dT%H:%M:%S.000`)","description_kind":"plain","optional":true},"url":{"type":"string","description":"Your OpenStack auth url.","description_kind":"plain","required":true},"user":{"type":"string","description":"The username for your OpenStack account.","description_kind":"plain","required":true}},"description_kind":"plain"}},"logging_scalyr":{"nesting_mode":"set","block":{"attributes":{"name":{"type":"string","description":"The unique name of the Scalyr logging endpoint.","description_kind":"plain","required":true},"region":{"type":"string","description":"The region that log data will be sent to. One of US or EU. Defaults to US if undefined.","description_kind":"plain","optional":true},"token":{"type":"string","description":"The token to use for authentication (https://www.scalyr.com/keys).","description_kind":"plain","required":true}},"description_kind":"plain"}},"logging_sftp":{"nesting_mode":"set","block":{"attributes":{"address":{"type":"string","description":"The SFTP address to stream logs to.","description_kind":"plain","required":true},"gzip_level":{"type":"number","description":"What level of GZIP encoding to have when dumping logs (default 0, no compression).","description_kind":"plain","optional":true},"message_type":{"type":"string","description":"How the message should be formatted. One of: classic (default), loggly, logplex or blank.","description_kind":"plain","optional":true},"name":{"type":"string","description":"The unique name of the SFTP logging endpoint.","description_kind":"plain","required":true},"password":{"type":"string","description":"The password for the server. If both password and secret_key are passed, secret_key will be preferred.","description_kind":"plain","optional":true,"sensitive":true},"path":{"type":"string","description":"The path to upload log files to. If the path ends in / then it is treated as blockAttributes directory.","description_kind":"plain","required":true},"period":{"type":"number","description":"How frequently log files are finalized so they can be available for reading (in seconds, default 3600).","description_kind":"plain","optional":true},"port":{"type":"number","description":"The port the SFTP service listens on. (Default: 22).","description_kind":"plain","optional":true},"public_key":{"type":"string","description":"A PGP public key that Fastly will use to encrypt your log files before writing them to disk.","description_kind":"plain","optional":true},"secret_key":{"type":"string","description":"The SSH private key for the server. If both password and secret_key are passed, secret_key will be preferred.","description_kind":"plain","optional":true,"sensitive":true},"ssh_known_hosts":{"type":"string","description":"A list of host keys for all hosts we can connect to over SFTP.","description_kind":"plain","required":true},"timestamp_format":{"type":"string","description":"The strftime specified timestamp formatting (default `%Y-%m-%dT%H:%M:%S.000`).","description_kind":"plain","optional":true},"user":{"type":"string","description":"The username for the server.","description_kind":"plain","required":true}},"description_kind":"plain"}},"package":{"nesting_mode":"list","block":{"attributes":{"filename":{"type":"string","description_kind":"plain","required":true},"source_code_hash":{"type":"string","description_kind":"plain","optional":true,"computed":true}},"description_kind":"plain"},"min_items":1,"max_items":1},"papertrail":{"nesting_mode":"set","block":{"attributes":{"address":{"type":"string","description":"The address of the papertrail service","description_kind":"plain","required":true},"name":{"type":"string","description":"Unique name to refer to this logging setup","description_kind":"plain","required":true},"port":{"type":"number","description":"The port of the papertrail service","description_kind":"plain","required":true}},"description_kind":"plain"}},"s3logging":{"nesting_mode":"set","block":{"attributes":{"bucket_name":{"type":"string","description":"S3 Bucket name to store logs in.","description_kind":"plain","required":true},"domain":{"type":"string","description":"Bucket endpoint.","description_kind":"plain","optional":true},"gzip_level":{"type":"number","description":"Gzip Compression level.","description_kind":"plain","optional":true},"message_type":{"type":"string","description":"How the message should be formatted.","description_kind":"plain","optional":true},"name":{"type":"string","description":"The unique name of the S3 logging endpoint.","description_kind":"plain","required":true},"path":{"type":"string","description":"Path to store the files. Must end with blockAttributes trailing slash.","description_kind":"plain","optional":true},"period":{"type":"number","description":"How frequently the logs should be transferred, in seconds (Default 3600).","description_kind":"plain","optional":true},"public_key":{"type":"string","description":"A PGP public key that Fastly will use to encrypt your log files before writing them to disk.","description_kind":"plain","optional":true},"redundancy":{"type":"string","description":"The S3 redundancy level.","description_kind":"plain","optional":true},"s3_access_key":{"type":"string","description":"AWS Access Key.","description_kind":"plain","optional":true,"sensitive":true},"s3_secret_key":{"type":"string","description":"AWS Secret Key","description_kind":"plain","optional":true,"sensitive":true},"server_side_encryption":{"type":"string","description":"Specify what type of server side encryption should be used. Can be either `AES256` or `aws:kms`.","description_kind":"plain","optional":true},"server_side_encryption_kms_key_id":{"type":"string","description":"Optional server-side KMS Key Id. Must be set if server_side_encryption is set to `aws:kms`.","description_kind":"plain","optional":true},"timestamp_format":{"type":"string","description":"specified timestamp formatting (default `%Y-%m-%dT%H:%M:%S.000`).","description_kind":"plain","optional":true}},"description_kind":"plain"}},"splunk":{"nesting_mode":"set","block":{"attributes":{"name":{"type":"string","description":"The unique name of the Splunk logging endpoint","description_kind":"plain","required":true},"tls_ca_cert":{"type":"string","description":"A secure certificate to authenticate the server with. Must be in PEM format. You can provide this certificate via an environment variable, `FASTLY_SPLUNK_CA_CERT`.","description_kind":"plain","optional":true},"tls_hostname":{"type":"string","description":"The hostname used to verify the server's certificate. It can either be the Common Name or blockAttributes Subject Alternative Name (SAN).","description_kind":"plain","optional":true},"token":{"type":"string","description":"The Splunk token to be used for authentication","description_kind":"plain","optional":true,"sensitive":true},"url":{"type":"string","description":"The Splunk URL to stream logs to","description_kind":"plain","required":true}},"description_kind":"plain"}},"sumologic":{"nesting_mode":"set","block":{"attributes":{"message_type":{"type":"string","description":"How the message should be formatted.","description_kind":"plain","optional":true},"name":{"type":"string","description":"Unique name to refer to this logging setup","description_kind":"plain","required":true},"url":{"type":"string","description":"The URL to POST to.","description_kind":"plain","required":true}},"description_kind":"plain"}},"syslog":{"nesting_mode":"set","block":{"attributes":{"address":{"type":"string","description":"The address of the syslog service","description_kind":"plain","required":true},"message_type":{"type":"string","description":"How the message should be formatted.","description_kind":"plain","optional":true},"name":{"type":"string","description":"Unique name to refer to this logging setup","description_kind":"plain","required":true},"port":{"type":"number","description":"The port of the syslog service","description_kind":"plain","optional":true},"tls_ca_cert":{"type":"string","description":"A secure certificate to authenticate the server with. Must be in PEM format.","description_kind":"plain","optional":true},"tls_client_cert":{"type":"string","description":"The client certificate used to make authenticated requests. Must be in PEM format.","description_kind":"plain","optional":true},"tls_client_key":{"type":"string","description":"The client private key used to make authenticated requests. Must be in PEM format.","description_kind":"plain","optional":true,"sensitive":true},"tls_hostname":{"type":"string","description":"Used during the TLS handshake to validate the certificate.","description_kind":"plain","optional":true},"token":{"type":"string","description":"Authentication token","description_kind":"plain","optional":true},"use_tls":{"type":"bool","description":"Use TLS for secure logging","description_kind":"plain","optional":true}},"description_kind":"plain"}}},"description_kind":"plain"}},"fastly_service_dictionary_items_v1":{"version":0,"block":{"attributes":{"dictionary_id":{"type":"string","description":"The dictionary the items belong to","description_kind":"plain","required":true},"id":{"type":"string","description_kind":"plain","optional":true,"computed":true},"items":{"type":["map","string"],"description":"Map of key/value pairs that make up an item in the dictionary","description_kind":"plain","optional":true},"service_id":{"type":"string","description":"The service the dictionary belongs to","description_kind":"plain","required":true}},"description_kind":"plain"}},"fastly_service_dynamic_snippet_content_v1":{"version":0,"block":{"attributes":{"content":{"type":"string","description":"The contents of the VCL dynamic snippet","description_kind":"plain","required":true},"id":{"type":"string","description_kind":"plain","optional":true,"computed":true},"service_id":{"type":"string","description":"Service Id","description_kind":"plain","required":true},"snippet_id":{"type":"string","description":"Snippet Id","description_kind":"plain","required":true}},"description_kind":"plain"}},"fastly_service_v1":{"version":0,"block":{"attributes":{"activate":{"type":"bool","description":"Conditionally prevents the Service from being activated","description_kind":"plain","optional":true},"active_version":{"type":"number","description_kind":"plain","computed":true},"cloned_version":{"type":"number","description_kind":"plain","computed":true},"comment":{"type":"string","description":"A personal freeform descriptive note","description_kind":"plain","optional":true},"default_host":{"type":"string","description":"The default hostname for the version","description_kind":"plain","optional":true,"computed":true},"default_ttl":{"type":"number","description":"The default Time-to-live (TTL) for the version","description_kind":"plain","optional":true},"force_destroy":{"type":"bool","description_kind":"plain","optional":true},"id":{"type":"string","description_kind":"plain","optional":true,"computed":true},"name":{"type":"string","description":"Unique name for this Service","description_kind":"plain","required":true},"version_comment":{"type":"string","description":"A personal freeform descriptive note","description_kind":"plain","optional":true}},"block_types":{"acl":{"nesting_mode":"set","block":{"attributes":{"acl_id":{"type":"string","description":"Generated acl id","description_kind":"plain","computed":true},"name":{"type":"string","description":"Unique name to refer to this ACL","description_kind":"plain","required":true}},"description_kind":"plain"}},"backend":{"nesting_mode":"set","block":{"attributes":{"address":{"type":"string","description":"An IPv4, hostname, or IPv6 address for the Backend","description_kind":"plain","required":true},"auto_loadbalance":{"type":"bool","description":"Should this Backend be load balanced","description_kind":"plain","optional":true},"between_bytes_timeout":{"type":"number","description":"How long to wait between bytes in milliseconds","description_kind":"plain","optional":true},"connect_timeout":{"type":"number","description":"How long to wait for a timeout in milliseconds","description_kind":"plain","optional":true},"error_threshold":{"type":"number","description":"Number of errors to allow before the Backend is marked as down","description_kind":"plain","optional":true},"first_byte_timeout":{"type":"number","description":"How long to wait for the first bytes in milliseconds","description_kind":"plain","optional":true},"healthcheck":{"type":"string","description":"The healthcheck name that should be used for this Backend","description_kind":"plain","optional":true},"max_conn":{"type":"number","description":"Maximum number of connections for this Backend","description_kind":"plain","optional":true},"max_tls_version":{"type":"string","description":"Maximum allowed TLS version on SSL connections to this backend.","description_kind":"plain","optional":true},"min_tls_version":{"type":"string","description":"Minimum allowed TLS version on SSL connections to this backend.","description_kind":"plain","optional":true},"name":{"type":"string","description":"A name for this Backend","description_kind":"plain","required":true},"override_host":{"type":"string","description":"The hostname to override the Host header","description_kind":"plain","optional":true},"port":{"type":"number","description":"The port number Backend responds on. Default 80","description_kind":"plain","optional":true},"request_condition":{"type":"string","description":"Name of a condition, which if met, will select this backend during a request.","description_kind":"plain","optional":true},"shield":{"type":"string","description":"The POP of the shield designated to reduce inbound load.","description_kind":"plain","optional":true},"ssl_ca_cert":{"type":"string","description":"CA certificate attached to origin.","description_kind":"plain","optional":true},"ssl_cert_hostname":{"type":"string","description":"SSL certificate hostname for cert verification","description_kind":"plain","optional":true},"ssl_check_cert":{"type":"bool","description":"Be strict on checking SSL certs","description_kind":"plain","optional":true},"ssl_ciphers":{"type":"string","description":"Comma sepparated list of ciphers","description_kind":"plain","optional":true},"ssl_client_cert":{"type":"string","description":"SSL certificate file for client connections to the backend.","description_kind":"plain","optional":true,"sensitive":true},"ssl_client_key":{"type":"string","description":"SSL key file for client connections to backend.","description_kind":"plain","optional":true,"sensitive":true},"ssl_hostname":{"type":"string","description":"SSL certificate hostname","description_kind":"plain","optional":true},"ssl_sni_hostname":{"type":"string","description":"SSL certificate hostname for SNI verification","description_kind":"plain","optional":true},"use_ssl":{"type":"bool","description":"Whether or not to use SSL to reach the Backend","description_kind":"plain","optional":true},"weight":{"type":"number","description":"The portion of traffic to send to a specific origins. Each origin receives weight/total of the traffic.","description_kind":"plain","optional":true}},"description_kind":"plain"}},"bigquerylogging":{"nesting_mode":"set","block":{"attributes":{"dataset":{"type":"string","description":"The ID of your BigQuery dataset","description_kind":"plain","required":true},"email":{"type":"string","description":"The email address associated with the target BigQuery dataset on your account.","description_kind":"plain","optional":true,"sensitive":true},"format":{"type":"string","description":"The logging format desired.","description_kind":"plain","optional":true},"name":{"type":"string","description":"Unique name to refer to this logging setup","description_kind":"plain","required":true},"placement":{"type":"string","description":"Where in the generated VCL the logging call should be placed.","description_kind":"plain","optional":true},"project_id":{"type":"string","description":"The ID of your GCP project","description_kind":"plain","required":true},"response_condition":{"type":"string","description":"Name of a condition to apply this logging.","description_kind":"plain","optional":true},"secret_key":{"type":"string","description":"The secret key associated with the target BigQuery dataset on your account.","description_kind":"plain","optional":true,"sensitive":true},"table":{"type":"string","description":"The ID of your BigQuery table","description_kind":"plain","required":true},"template":{"type":"string","description":"Big query table name suffix template","description_kind":"plain","optional":true}},"description_kind":"plain"}},"blobstoragelogging":{"nesting_mode":"set","block":{"attributes":{"account_name":{"type":"string","description":"The unique Azure Blob Storage namespace in which your data objects are stored","description_kind":"plain","required":true},"container":{"type":"string","description":"The name of the Azure Blob Storage container in which to store logs","description_kind":"plain","required":true},"format":{"type":"string","description":"Apache-style string or VCL variables to use for log formatting (default: `%h %l %u %t \"%r\" %\u003es %b`)","description_kind":"plain","optional":true},"format_version":{"type":"number","description":"The version of the custom logging format used for the configured endpoint. Can be either 1 or 2. (default: 2)","description_kind":"plain","optional":true},"gzip_level":{"type":"number","description":"The Gzip compression level (default: 0)","description_kind":"plain","optional":true},"message_type":{"type":"string","description":"How the message should be formatted (default: `classic`)","description_kind":"plain","optional":true},"name":{"type":"string","description":"The unique name of the Azure Blob Storage logging endpoint","description_kind":"plain","required":true},"path":{"type":"string","description":"The path to upload logs to. Must end with a trailing slash","description_kind":"plain","optional":true},"period":{"type":"number","description":"How frequently the logs should be transferred, in seconds (default: 3600)","description_kind":"plain","optional":true},"placement":{"type":"string","description":"Where in the generated VCL the logging call should be placed","description_kind":"plain","optional":true},"public_key":{"type":"string","description":"The PGP public key that Fastly will use to encrypt your log files before writing them to disk","description_kind":"plain","optional":true},"response_condition":{"type":"string","description":"The name of the condition to apply","description_kind":"plain","optional":true},"sas_token":{"type":"string","description":"The Azure shared access signature providing write access to the blob service objects","description_kind":"plain","optional":true,"sensitive":true},"timestamp_format":{"type":"string","description":"strftime specified timestamp formatting (default: `%Y-%m-%dT%H:%M:%S.000`)","description_kind":"plain","optional":true}},"description_kind":"plain"}},"cache_setting":{"nesting_mode":"set","block":{"attributes":{"action":{"type":"string","description":"Action to take","description_kind":"plain","optional":true},"cache_condition":{"type":"string","description":"Name of a condition to check if this Cache Setting applies","description_kind":"plain","optional":true},"name":{"type":"string","description":"A name to refer to this Cache Setting","description_kind":"plain","required":true},"stale_ttl":{"type":"number","description":"Max 'Time To Live' for stale (unreachable) objects.","description_kind":"plain","optional":true},"ttl":{"type":"number","description":"The 'Time To Live' for the object","description_kind":"plain","optional":true}},"description_kind":"plain"}},"condition":{"nesting_mode":"set","block":{"attributes":{"name":{"type":"string","description_kind":"plain","required":true},"priority":{"type":"number","description":"A number used to determine the order in which multiple conditions execute. Lower numbers execute first","description_kind":"plain","optional":true},"statement":{"type":"string","description":"The statement used to determine if the condition is met","description_kind":"plain","required":true},"type":{"type":"string","description":"Type of the condition, either `REQUEST`, `RESPONSE`, or `CACHE`","description_kind":"plain","required":true}},"description_kind":"plain"}},"dictionary":{"nesting_mode":"set","block":{"attributes":{"dictionary_id":{"type":"string","description":"Generated dictionary ID","description_kind":"plain","computed":true},"name":{"type":"string","description":"Unique name to refer to this Dictionary","description_kind":"plain","required":true},"write_only":{"type":"bool","description":"Determines if items in the dictionary are readable or not","description_kind":"plain","optional":true}},"description_kind":"plain"}},"director":{"nesting_mode":"set","block":{"attributes":{"backends":{"type":["set","string"],"description":"List of backends associated with this director","description_kind":"plain","required":true},"capacity":{"type":"number","description":"Load balancing weight for the backends","description_kind":"plain","optional":true},"comment":{"type":"string","description_kind":"plain","optional":true},"name":{"type":"string","description":"A name to refer to this director","description_kind":"plain","required":true},"quorum":{"type":"number","description":"Percentage of capacity that needs to be up for the director itself to be considered up","description_kind":"plain","optional":true},"retries":{"type":"number","description":"How many backends to search if it fails","description_kind":"plain","optional":true},"shield":{"type":"string","description":"Selected POP to serve as a 'shield' for origin servers.","description_kind":"plain","optional":true},"type":{"type":"number","description":"Type of load balance group to use. Integer, 1 to 4. Values: 1 (random), 3 (hash), 4 (client)","description_kind":"plain","optional":true}},"description_kind":"plain"}},"domain":{"nesting_mode":"set","block":{"attributes":{"comment":{"type":"string","description_kind":"plain","optional":true},"name":{"type":"string","description":"The domain that this Service will respond to","description_kind":"plain","required":true}},"description_kind":"plain"},"min_items":1},"dynamicsnippet":{"nesting_mode":"set","block":{"attributes":{"name":{"type":"string","description":"A unique name to refer to this VCL snippet","description_kind":"plain","required":true},"priority":{"type":"number","description":"Determines ordering for multiple snippets. Lower priorities execute first. (Default: 100)","description_kind":"plain","optional":true},"snippet_id":{"type":"string","description":"Generated VCL snippet Id","description_kind":"plain","computed":true},"type":{"type":"string","description":"One of init, recv, hit, miss, pass, fetch, error, deliver, log, none","description_kind":"plain","required":true}},"description_kind":"plain"}},"gcslogging":{"nesting_mode":"set","block":{"attributes":{"bucket_name":{"type":"string","description":"The name of the bucket in which to store the logs.","description_kind":"plain","required":true},"email":{"type":"string","description":"The email address associated with the target GCS bucket on your account.","description_kind":"plain","optional":true},"format":{"type":"string","description":"Apache-style string or VCL variables to use for log formatting","description_kind":"plain","optional":true},"gzip_level":{"type":"number","description":"Gzip Compression level","description_kind":"plain","optional":true},"message_type":{"type":"string","description":"The log message type per the fastly docs: https://docs.fastly.com/api/logging#logging_gcs","description_kind":"plain","optional":true},"name":{"type":"string","description":"Unique name to refer to this logging setup","description_kind":"plain","required":true},"path":{"type":"string","description":"Path to store the files. Must end with a trailing slash","description_kind":"plain","optional":true},"period":{"type":"number","description":"How frequently the logs should be transferred, in seconds (Default 3600)","description_kind":"plain","optional":true},"placement":{"type":"string","description":"Where in the generated VCL the logging call should be placed.","description_kind":"plain","optional":true},"response_condition":{"type":"string","description":"Name of a condition to apply this logging.","description_kind":"plain","optional":true},"secret_key":{"type":"string","description":"The secret key associated with the target gcs bucket on your account.","description_kind":"plain","optional":true,"sensitive":true},"timestamp_format":{"type":"string","description":"specified timestamp formatting (default `%Y-%m-%dT%H:%M:%S.000`)","description_kind":"plain","optional":true}},"description_kind":"plain"}},"gzip":{"nesting_mode":"set","block":{"attributes":{"cache_condition":{"type":"string","description":"Name of a condition controlling when this gzip configuration applies.","description_kind":"plain","optional":true},"content_types":{"type":["set","string"],"description":"Content types to apply automatic gzip to","description_kind":"plain","optional":true},"extensions":{"type":["set","string"],"description":"File extensions to apply automatic gzip to. Do not include '.'","description_kind":"plain","optional":true},"name":{"type":"string","description":"A name to refer to this gzip condition","description_kind":"plain","required":true}},"description_kind":"plain"}},"header":{"nesting_mode":"set","block":{"attributes":{"action":{"type":"string","description":"One of set, append, delete, regex, or regex_repeat","description_kind":"plain","required":true},"cache_condition":{"type":"string","description":"Optional name of a cache condition to apply.","description_kind":"plain","optional":true},"destination":{"type":"string","description":"Header this affects","description_kind":"plain","required":true},"ignore_if_set":{"type":"bool","description":"Don't add the header if it is already. (Only applies to 'set' action.). Default `false`","description_kind":"plain","optional":true},"name":{"type":"string","description":"A name to refer to this Header object","description_kind":"plain","required":true},"priority":{"type":"number","description":"Lower priorities execute first. (Default: 100.)","description_kind":"plain","optional":true},"regex":{"type":"string","description":"Regular expression to use (Only applies to 'regex' and 'regex_repeat' actions.)","description_kind":"plain","optional":true,"computed":true},"request_condition":{"type":"string","description":"Optional name of a request condition to apply.","description_kind":"plain","optional":true},"response_condition":{"type":"string","description":"Optional name of a response condition to apply.","description_kind":"plain","optional":true},"source":{"type":"string","description":"Variable to be used as a source for the header content (Does not apply to 'delete' action.)","description_kind":"plain","optional":true,"computed":true},"substitution":{"type":"string","description":"Value to substitute in place of regular expression. (Only applies to 'regex' and 'regex_repeat'.)","description_kind":"plain","optional":true,"computed":true},"type":{"type":"string","description":"Type to manipulate: request, fetch, cache, response","description_kind":"plain","required":true}},"description_kind":"plain"}},"healthcheck":{"nesting_mode":"set","block":{"attributes":{"check_interval":{"type":"number","description":"How often to run the healthcheck in milliseconds","description_kind":"plain","optional":true},"expected_response":{"type":"number","description":"The status code expected from the host","description_kind":"plain","optional":true},"host":{"type":"string","description":"Which host to check","description_kind":"plain","required":true},"http_version":{"type":"string","description":"Whether to use version 1.0 or 1.1 HTTP","description_kind":"plain","optional":true},"initial":{"type":"number","description":"When loading a config, the initial number of probes to be seen as OK","description_kind":"plain","optional":true},"method":{"type":"string","description":"Which HTTP method to use","description_kind":"plain","optional":true},"name":{"type":"string","description":"A name to refer to this healthcheck","description_kind":"plain","required":true},"path":{"type":"string","description":"The path to check","description_kind":"plain","required":true},"threshold":{"type":"number","description":"How many healthchecks must succeed to be considered healthy","description_kind":"plain","optional":true},"timeout":{"type":"number","description":"Timeout in milliseconds","description_kind":"plain","optional":true},"window":{"type":"number","description":"The number of most recent healthcheck queries to keep for this healthcheck","description_kind":"plain","optional":true}},"description_kind":"plain"}},"httpslogging":{"nesting_mode":"set","block":{"attributes":{"content_type":{"type":"string","description":"Content-Type header sent with the request.","description_kind":"plain","optional":true},"format":{"type":"string","description":"Apache-style string or VCL variables to use for log formatting.","description_kind":"plain","optional":true},"format_version":{"type":"number","description":"The version of the custom logging format used for the configured endpoint. Can be either 1 or 2. (default: 2)","description_kind":"plain","optional":true},"header_name":{"type":"string","description":"Custom header sent with the request.","description_kind":"plain","optional":true},"header_value":{"type":"string","description":"Value of the custom header sent with the request.","description_kind":"plain","optional":true},"json_format":{"type":"string","description":"Formats log entries as JSON. Can be either disabled (`0`), array of json (`1`), or newline delimited json (`2`).","description_kind":"plain","optional":true},"message_type":{"type":"string","description":"How the message should be formatted","description_kind":"plain","optional":true},"method":{"type":"string","description":"HTTP method used for request.","description_kind":"plain","optional":true},"name":{"type":"string","description":"The unique name of the HTTPS logging endpoint","description_kind":"plain","required":true},"placement":{"type":"string","description":"Where in the generated VCL the logging call should be placed","description_kind":"plain","optional":true},"request_max_bytes":{"type":"number","description":"The maximum number of bytes sent in one request.","description_kind":"plain","optional":true},"request_max_entries":{"type":"number","description":"The maximum number of logs sent in one request.","description_kind":"plain","optional":true},"response_condition":{"type":"string","description":"The name of the condition to apply","description_kind":"plain","optional":true},"tls_ca_cert":{"type":"string","description":"A secure certificate to authenticate the server with. Must be in PEM format.","description_kind":"plain","optional":true,"sensitive":true},"tls_client_cert":{"type":"string","description":"The client certificate used to make authenticated requests. Must be in PEM format.","description_kind":"plain","optional":true,"sensitive":true},"tls_client_key":{"type":"string","description":"The client private key used to make authenticated requests. Must be in PEM format.","description_kind":"plain","optional":true,"sensitive":true},"tls_hostname":{"type":"string","description":"The hostname used to verify the server's certificate. It can either be the Common Name (CN) or blockAttributes Subject Alternative Name (SAN).","description_kind":"plain","optional":true},"url":{"type":"string","description":"URL that log data will be sent to. Must use the https protocol.","description_kind":"plain","required":true}},"description_kind":"plain"}},"logentries":{"nesting_mode":"set","block":{"attributes":{"format":{"type":"string","description":"Apache-style string or VCL variables to use for log formatting","description_kind":"plain","optional":true},"format_version":{"type":"number","description":"The version of the custom logging format used for the configured endpoint. Can be either 1 or 2. (Default: 1)","description_kind":"plain","optional":true},"name":{"type":"string","description":"Unique name to refer to this logging setup","description_kind":"plain","required":true},"placement":{"type":"string","description":"Where in the generated VCL the logging call should be placed.","description_kind":"plain","optional":true},"port":{"type":"number","description":"The port number configured in Logentries","description_kind":"plain","optional":true},"response_condition":{"type":"string","description":"Name of blockAttributes condition to apply this logging.","description_kind":"plain","optional":true},"token":{"type":"string","description":"Use token based authentication (https://logentries.com/doc/input-token/)","description_kind":"plain","required":true},"use_tls":{"type":"bool","description":"Whether to use TLS for secure logging","description_kind":"plain","optional":true}},"description_kind":"plain"}},"logging_cloudfiles":{"nesting_mode":"set","block":{"attributes":{"access_key":{"type":"string","description":"Your Cloudfile account access key.","description_kind":"plain","required":true,"sensitive":true},"bucket_name":{"type":"string","description":"The name of your Cloud Files container.","description_kind":"plain","required":true},"format":{"type":"string","description":"Apache style log formatting.","description_kind":"plain","optional":true},"format_version":{"type":"number","description":"The version of the custom logging format used for the configured endpoint. Can be either `1` or `2`. (default: `2`).","description_kind":"plain","optional":true},"gzip_level":{"type":"number","description":"What level of GZIP encoding to have when dumping logs (default 0, no compression).","description_kind":"plain","optional":true},"message_type":{"type":"string","description":"How the message should be formatted. One of: classic (default), loggly, logplex or blank.","description_kind":"plain","optional":true},"name":{"type":"string","description":"The unique name of the Cloud Files logging endpoint.","description_kind":"plain","required":true},"path":{"type":"string","description":"The path to upload logs to.","description_kind":"plain","optional":true},"period":{"type":"number","description":"How frequently log files are finalized so they can be available for reading (in seconds, default 3600).","description_kind":"plain","optional":true},"placement":{"type":"string","description":"Where in the generated VCL the logging call should be placed. Can be `none` or `waf_debug`.","description_kind":"plain","optional":true},"public_key":{"type":"string","description":"The PGP public key that Fastly will use to encrypt your log files before writing them to disk.","description_kind":"plain","optional":true},"region":{"type":"string","description":"The region to stream logs to. One of: DFW\t(Dallas), ORD (Chicago), IAD (Northern Virginia), LON (London), SYD (Sydney), HKG (Hong Kong).","description_kind":"plain","optional":true},"response_condition":{"type":"string","description":"The name of an existing condition in the configured endpoint, or leave blank to always execute.","description_kind":"plain","optional":true},"timestamp_format":{"type":"string","description":"The specified format of the log's timestamp (default `%Y-%m-%dT%H:%M:%S.000`).","description_kind":"plain","optional":true},"user":{"type":"string","description":"The username for your Cloudfile account.","description_kind":"plain","required":true}},"description_kind":"plain"}},"logging_datadog":{"nesting_mode":"set","block":{"attributes":{"format":{"type":"string","description":"Apache-style string or VCL variables to use for log formatting.","description_kind":"plain","optional":true},"format_version":{"type":"number","description":"The version of the custom logging format used for the configured endpoint. Can be either `1` or `2`. (default: `2`).","description_kind":"plain","optional":true},"name":{"type":"string","description":"The unique name of the Datadog logging endpoint.","description_kind":"plain","required":true},"placement":{"type":"string","description":"Where in the generated VCL the logging call should be placed.","description_kind":"plain","optional":true},"region":{"type":"string","description":"The region that log data will be sent to. One of `US` or `EU`. Defaults to `US` if undefined.","description_kind":"plain","optional":true},"response_condition":{"type":"string","description":"The name of the condition to apply.","description_kind":"plain","optional":true},"token":{"type":"string","description":"The API key from your Datadog account.","description_kind":"plain","required":true,"sensitive":true}},"description_kind":"plain"}},"logging_digitalocean":{"nesting_mode":"set","block":{"attributes":{"access_key":{"type":"string","description":"Your DigitalOcean Spaces account access key.","description_kind":"plain","required":true,"sensitive":true},"bucket_name":{"type":"string","description":"The name of the DigitalOcean Space.","description_kind":"plain","required":true},"domain":{"type":"string","description":"The domain of the DigitalOcean Spaces endpoint (default: nyc3.digitaloceanspaces.com).","description_kind":"plain","optional":true},"format":{"type":"string","description":"Apache style log formatting.","description_kind":"plain","optional":true},"format_version":{"type":"number","description":"The version of the custom logging format used for the configured endpoint. Can be either `1` or `2`. (default: `2`).","description_kind":"plain","optional":true},"gzip_level":{"type":"number","description":"What level of Gzip encoding to have when dumping logs (default 0, no compression).","description_kind":"plain","optional":true},"message_type":{"type":"string","description":"How the message should be formatted.","description_kind":"plain","optional":true},"name":{"type":"string","description":"The unique name of the DigitalOcean Spaces logging endpoint.","description_kind":"plain","required":true},"path":{"type":"string","description":"The path to upload logs to.","description_kind":"plain","optional":true},"period":{"type":"number","description":"How frequently log files are finalized so they can be available for reading (in seconds, default 3600).","description_kind":"plain","optional":true},"placement":{"type":"string","description":"Where in the generated VCL the logging call should be placed. Can be `none` or `waf_debug`.","description_kind":"plain","optional":true},"public_key":{"type":"string","description":"A PGP public key that Fastly will use to encrypt your log files before writing them to disk.","description_kind":"plain","optional":true},"response_condition":{"type":"string","description":"The name of an existing condition in the configured endpoint, or leave blank to always execute.","description_kind":"plain","optional":true},"secret_key":{"type":"string","description":"Your DigitalOcean Spaces account secret key.","description_kind":"plain","required":true,"sensitive":true},"timestamp_format":{"type":"string","description":"strftime specified timestamp formatting (default `%Y-%m-%dT%H:%M:%S.000`).","description_kind":"plain","optional":true}},"description_kind":"plain"}},"logging_elasticsearch":{"nesting_mode":"set","block":{"attributes":{"format":{"type":"string","description":"Apache-style string or VCL variables to use for log formatting.","description_kind":"plain","optional":true},"format_version":{"type":"number","description":"The version of the custom logging format used for the configured endpoint. Can be either 1 or 2. (default: 2).","description_kind":"plain","optional":true},"index":{"type":"string","description":"The name of the Elasticsearch index to send documents (logs) to.","description_kind":"plain","required":true},"name":{"type":"string","description":"The unique name of the Elasticsearch logging endpoint.","description_kind":"plain","required":true},"password":{"type":"string","description":"BasicAuth password.","description_kind":"plain","optional":true,"sensitive":true},"pipeline":{"type":"string","description":"The ID of the Elasticsearch ingest pipeline to apply pre-process transformations to before indexing.","description_kind":"plain","optional":true},"placement":{"type":"string","description":"Where in the generated VCL the logging call should be placed.","description_kind":"plain","optional":true},"request_max_bytes":{"type":"number","description":"The maximum number of bytes sent in one request.","description_kind":"plain","optional":true},"request_max_entries":{"type":"number","description":"The maximum number of logs sent in one request.","description_kind":"plain","optional":true},"response_condition":{"type":"string","description":"The name of the condition to apply","description_kind":"plain","optional":true},"tls_ca_cert":{"type":"string","description":"A secure certificate to authenticate the server with. Must be in PEM format.","description_kind":"plain","optional":true,"sensitive":true},"tls_client_cert":{"type":"string","description":"The client certificate used to make authenticated requests. Must be in PEM format.","description_kind":"plain","optional":true,"sensitive":true},"tls_client_key":{"type":"string","description":"The client private key used to make authenticated requests. Must be in PEM format.","description_kind":"plain","optional":true,"sensitive":true},"tls_hostname":{"type":"string","description":"The hostname used to verify the server's certificate. It can either be the Common Name (CN) or blockAttributes Subject Alternative Name (SAN).","description_kind":"plain","optional":true},"url":{"type":"string","description":"The Elasticsearch URL to stream logs to.","description_kind":"plain","required":true},"user":{"type":"string","description":"BasicAuth user.","description_kind":"plain","optional":true}},"description_kind":"plain"}},"logging_ftp":{"nesting_mode":"set","block":{"attributes":{"address":{"type":"string","description":"The FTP URL to stream logs to.","description_kind":"plain","required":true},"format":{"type":"string","description":"Apache-style string or VCL variables to use for log formatting.","description_kind":"plain","optional":true},"format_version":{"type":"number","description":"The version of the custom logging format used for the configured endpoint. Can be either 1 or 2. (default: 2).","description_kind":"plain","optional":true},"gzip_level":{"type":"number","description":"Gzip Compression level.","description_kind":"plain","optional":true},"message_type":{"type":"string","description":"How the message should be formatted (default: `classic`)","description_kind":"plain","optional":true},"name":{"type":"string","description":"The unique name of the FTP logging endpoint.","description_kind":"plain","required":true},"password":{"type":"string","description":"The password for the server (for anonymous use an email address).","description_kind":"plain","required":true,"sensitive":true},"path":{"type":"string","description":"The path to upload log files to. If the path ends in / then it is treated as blockAttributes directory.","description_kind":"plain","required":true},"period":{"type":"number","description":"How frequently the logs should be transferred, in seconds (Default 3600).","description_kind":"plain","optional":true},"placement":{"type":"string","description":"Where in the generated VCL the logging call should be placed.","description_kind":"plain","optional":true},"port":{"type":"number","description":"The port number.","description_kind":"plain","optional":true},"public_key":{"type":"string","description":"The PGP public key that Fastly will use to encrypt your log files before writing them to disk.","description_kind":"plain","optional":true},"response_condition":{"type":"string","description":"The name of the condition to apply.","description_kind":"plain","optional":true},"timestamp_format":{"type":"string","description":"specified timestamp formatting (default `%Y-%m-%dT%H:%M:%S.000`).","description_kind":"plain","optional":true},"user":{"type":"string","description":"The username for the server (can be anonymous).","description_kind":"plain","required":true}},"description_kind":"plain"}},"logging_googlepubsub":{"nesting_mode":"set","block":{"attributes":{"format":{"type":"string","description":"Apache style log formatting.","description_kind":"plain","optional":true},"format_version":{"type":"number","description":"The version of the custom logging format used for the configured endpoint. Can be either 1 or 2. (default: 2).","description_kind":"plain","optional":true},"name":{"type":"string","description":"The unique name of the Google Cloud Pub/Sub logging endpoint.","description_kind":"plain","required":true},"placement":{"type":"string","description":"Where in the generated VCL the logging call should be placed.","description_kind":"plain","optional":true},"project_id":{"type":"string","description":"The ID of your Google Cloud Platform project.","description_kind":"plain","required":true},"response_condition":{"type":"string","description":"The name of an existing condition in the configured endpoint, or leave blank to always execute.","description_kind":"plain","optional":true},"secret_key":{"type":"string","description":"Your Google Cloud Platform account secret key. The private_key field in your service account authentication JSON.","description_kind":"plain","required":true},"topic":{"type":"string","description":"The Google Cloud Pub/Sub topic to which logs will be published.","description_kind":"plain","required":true},"user":{"type":"string","description":"Your Google Cloud Platform service account email address. The client_email field in your service account authentication JSON. ","description_kind":"plain","required":true}},"description_kind":"plain"}},"logging_heroku":{"nesting_mode":"set","block":{"attributes":{"format":{"type":"string","description":"Apache-style string or VCL variables to use for log formatting.","description_kind":"plain","optional":true},"format_version":{"type":"number","description":"The version of the custom logging format used for the configured endpoint. Can be either `1` or `2`. (default: `2`).","description_kind":"plain","optional":true},"name":{"type":"string","description":"The unique name of the Heroku logging endpoint.","description_kind":"plain","required":true},"placement":{"type":"string","description":"Where in the generated VCL the logging call should be placed. Can be `none` or `waf_debug`.","description_kind":"plain","optional":true},"response_condition":{"type":"string","description":"The name of an existing condition in the configured endpoint, or leave blank to always execute.","description_kind":"plain","optional":true},"token":{"type":"string","description":"The token to use for authentication (https://www.heroku.com/docs/customer-token-authentication-token/).","description_kind":"plain","required":true,"sensitive":true},"url":{"type":"string","description":"The url to stream logs to.","description_kind":"plain","required":true}},"description_kind":"plain"}},"logging_honeycomb":{"nesting_mode":"set","block":{"attributes":{"dataset":{"type":"string","description":"The Honeycomb Dataset you want to log to.","description_kind":"plain","required":true},"format":{"type":"string","description":"Apache style log formatting. Your log must produce valid JSON that Honeycomb can ingest.","description_kind":"plain","optional":true},"format_version":{"type":"number","description":"The version of the custom logging format used for the configured endpoint. Can be either `1` or `2`. (default: `2`).","description_kind":"plain","optional":true},"name":{"type":"string","description":"The unique name of the Honeycomb logging endpoint.","description_kind":"plain","required":true},"placement":{"type":"string","description":"Where in the generated VCL the logging call should be placed. Can be `none` or `waf_debug`.","description_kind":"plain","optional":true},"response_condition":{"type":"string","description":"The name of an existing condition in the configured endpoint, or leave blank to always execute.","description_kind":"plain","optional":true},"token":{"type":"string","description":"The Write Key from the Account page of your Honeycomb account.","description_kind":"plain","required":true,"sensitive":true}},"description_kind":"plain"}},"logging_kafka":{"nesting_mode":"set","block":{"attributes":{"brokers":{"type":"string","description":"A comma-separated list of IP addresses or hostnames of Kafka brokers.","description_kind":"plain","required":true},"compression_codec":{"type":"string","description":"The codec used for compression of your logs. One of: gzip, snappy, lz4.","description_kind":"plain","optional":true},"format":{"type":"string","description":"Apache style log formatting.","description_kind":"plain","optional":true},"format_version":{"type":"number","description":"The version of the custom logging format used for the configured endpoint. Can be either 1 or 2. (default: 2).","description_kind":"plain","optional":true},"name":{"type":"string","description":"The unique name of the Kafka logging endpoint.","description_kind":"plain","required":true},"placement":{"type":"string","description":"Where in the generated VCL the logging call should be placed.","description_kind":"plain","optional":true},"required_acks":{"type":"string","description":"The Number of acknowledgements blockAttributes leader must receive before blockAttributes write is considered successful. One of: 1 (default) One server needs to respond. 0 No servers need to respond. -1\tWait for all in-sync replicas to respond.","description_kind":"plain","optional":true},"response_condition":{"type":"string","description":"The name of an existing condition in the configured endpoint, or leave blank to always execute.","description_kind":"plain","optional":true},"tls_ca_cert":{"type":"string","description":"A secure certificate to authenticate the server with. Must be in PEM format.","description_kind":"plain","optional":true,"sensitive":true},"tls_client_cert":{"type":"string","description":"The client certificate used to make authenticated requests. Must be in PEM format.","description_kind":"plain","optional":true,"sensitive":true},"tls_client_key":{"type":"string","description":"The client private key used to make authenticated requests. Must be in PEM format.","description_kind":"plain","optional":true,"sensitive":true},"tls_hostname":{"type":"string","description":"The hostname used to verify the server's certificate. It can either be the Common Name or blockAttributes Subject Alternative Name (SAN).","description_kind":"plain","optional":true},"topic":{"type":"string","description":"The Kafka topic to send logs to.","description_kind":"plain","required":true},"use_tls":{"type":"bool","description":"Whether to use TLS for secure logging. Can be either true or false.","description_kind":"plain","optional":true}},"description_kind":"plain"}},"logging_loggly":{"nesting_mode":"set","block":{"attributes":{"format":{"type":"string","description":"Apache-style string or VCL variables to use for log formatting.","description_kind":"plain","optional":true},"format_version":{"type":"number","description":"The version of the custom logging format used for the configured endpoint. Can be either `1` or `2`. (default: `2`).","description_kind":"plain","optional":true},"name":{"type":"string","description":"The unique name of the Loggly logging endpoint.","description_kind":"plain","required":true},"placement":{"type":"string","description":"Where in the generated VCL the logging call should be placed. Can be `none` or `waf_debug`.","description_kind":"plain","optional":true},"response_condition":{"type":"string","description":"The name of an existing condition in the configured endpoint, or leave blank to always execute.","description_kind":"plain","optional":true},"token":{"type":"string","description":"The token to use for authentication (https://www.loggly.com/docs/customer-token-authentication-token/).","description_kind":"plain","required":true,"sensitive":true}},"description_kind":"plain"}},"logging_logshuttle":{"nesting_mode":"set","block":{"attributes":{"format":{"type":"string","description":"Apache style log formatting.","description_kind":"plain","optional":true},"format_version":{"type":"number","description":"The version of the custom logging format used for the configured endpoint. Can be either `1` or `2`. (default: `2`).","description_kind":"plain","optional":true},"name":{"type":"string","description":"The unique name of the Log Shuttle logging endpoint.","description_kind":"plain","required":true},"placement":{"type":"string","description":"Where in the generated VCL the logging call should be placed. Can be `none` or `waf_debug`.","description_kind":"plain","optional":true},"response_condition":{"type":"string","description":"The name of an existing condition in the configured endpoint, or leave blank to always execute.","description_kind":"plain","optional":true},"token":{"type":"string","description":"The data authentication token associated with this endpoint.","description_kind":"plain","required":true,"sensitive":true},"url":{"type":"string","description":"Your Log Shuttle endpoint url.","description_kind":"plain","required":true}},"description_kind":"plain"}},"logging_newrelic":{"nesting_mode":"set","block":{"attributes":{"format":{"type":"string","description":"Apache style log formatting. Your log must produce valid JSON that New Relic Logs can ingest.","description_kind":"plain","optional":true},"format_version":{"type":"number","description":"The version of the custom logging format used for the configured endpoint. Can be either `1` or `2`. (default: `2`).","description_kind":"plain","optional":true},"name":{"type":"string","description":"The unique name of the New Relic logging endpoint","description_kind":"plain","required":true},"placement":{"type":"string","description":"Where in the generated VCL the logging call should be placed.","description_kind":"plain","optional":true},"response_condition":{"type":"string","description":"The name of the condition to apply.","description_kind":"plain","optional":true},"token":{"type":"string","description":"The Insert API key from the Account page of your New Relic account.","description_kind":"plain","required":true,"sensitive":true}},"description_kind":"plain"}},"logging_openstack":{"nesting_mode":"set","block":{"attributes":{"access_key":{"type":"string","description":"Your OpenStack account access key.","description_kind":"plain","required":true,"sensitive":true},"bucket_name":{"type":"string","description":"The name of your OpenStack container.","description_kind":"plain","required":true},"format":{"type":"string","description":"Apache style log formatting.","description_kind":"plain","optional":true},"format_version":{"type":"number","description":"The version of the custom logging format used for the configured endpoint. Can be either `1` or `2`. (default: `2`).","description_kind":"plain","optional":true},"gzip_level":{"type":"number","description":"What level of Gzip encoding to have when dumping logs (default 0, no compression).","description_kind":"plain","optional":true},"message_type":{"type":"string","description":"How the message should be formatted. One of: classic (default), loggly, logplex or blank.","description_kind":"plain","optional":true},"name":{"type":"string","description":"The unique name of the OpenStack logging endpoint.","description_kind":"plain","required":true},"path":{"type":"string","description":"The path to upload logs to.","description_kind":"plain","optional":true},"period":{"type":"number","description":"How frequently log files are finalized so they can be available for reading (in seconds, default 3600).","description_kind":"plain","optional":true},"placement":{"type":"string","description":"Where in the generated VCL the logging call should be placed. Can be `none` or `waf_debug`.","description_kind":"plain","optional":true},"public_key":{"type":"string","description":"A PGP public key that Fastly will use to encrypt your log files before writing them to disk.","description_kind":"plain","optional":true},"response_condition":{"type":"string","description":"The name of an existing condition in the configured endpoint, or leave blank to always execute.","description_kind":"plain","optional":true},"timestamp_format":{"type":"string","description":"specified timestamp formatting (default `%Y-%m-%dT%H:%M:%S.000`)","description_kind":"plain","optional":true},"url":{"type":"string","description":"Your OpenStack auth url.","description_kind":"plain","required":true},"user":{"type":"string","description":"The username for your OpenStack account.","description_kind":"plain","required":true}},"description_kind":"plain"}},"logging_scalyr":{"nesting_mode":"set","block":{"attributes":{"format":{"type":"string","description":"Apache style log formatting.","description_kind":"plain","optional":true},"format_version":{"type":"number","description":"The version of the custom logging format used for the configured endpoint. Can be either 1 or 2. (default: 2).","description_kind":"plain","optional":true},"name":{"type":"string","description":"The unique name of the Scalyr logging endpoint.","description_kind":"plain","required":true},"placement":{"type":"string","description":"Where in the generated VCL the logging call should be placed.","description_kind":"plain","optional":true},"region":{"type":"string","description":"The region that log data will be sent to. One of US or EU. Defaults to US if undefined.","description_kind":"plain","optional":true},"response_condition":{"type":"string","description":"The name of an existing condition in the configured endpoint, or leave blank to always execute.","description_kind":"plain","optional":true},"token":{"type":"string","description":"The token to use for authentication (https://www.scalyr.com/keys).","description_kind":"plain","required":true}},"description_kind":"plain"}},"logging_sftp":{"nesting_mode":"set","block":{"attributes":{"address":{"type":"string","description":"The SFTP address to stream logs to.","description_kind":"plain","required":true},"format":{"type":"string","description":"Apache-style string or VCL variables to use for log formatting.","description_kind":"plain","optional":true},"format_version":{"type":"number","description":"The version of the custom logging format used for the configured endpoint. Can be either 1 or 2. (default: 2).","description_kind":"plain","optional":true},"gzip_level":{"type":"number","description":"What level of GZIP encoding to have when dumping logs (default 0, no compression).","description_kind":"plain","optional":true},"message_type":{"type":"string","description":"How the message should be formatted. One of: classic (default), loggly, logplex or blank.","description_kind":"plain","optional":true},"name":{"type":"string","description":"The unique name of the SFTP logging endpoint.","description_kind":"plain","required":true},"password":{"type":"string","description":"The password for the server. If both password and secret_key are passed, secret_key will be preferred.","description_kind":"plain","optional":true,"sensitive":true},"path":{"type":"string","description":"The path to upload log files to. If the path ends in / then it is treated as blockAttributes directory.","description_kind":"plain","required":true},"period":{"type":"number","description":"How frequently log files are finalized so they can be available for reading (in seconds, default 3600).","description_kind":"plain","optional":true},"placement":{"type":"string","description":"Where in the generated VCL the logging call should be placed.","description_kind":"plain","optional":true},"port":{"type":"number","description":"The port the SFTP service listens on. (Default: 22).","description_kind":"plain","optional":true},"public_key":{"type":"string","description":"A PGP public key that Fastly will use to encrypt your log files before writing them to disk.","description_kind":"plain","optional":true},"response_condition":{"type":"string","description":"The name of the condition to apply.","description_kind":"plain","optional":true},"secret_key":{"type":"string","description":"The SSH private key for the server. If both password and secret_key are passed, secret_key will be preferred.","description_kind":"plain","optional":true,"sensitive":true},"ssh_known_hosts":{"type":"string","description":"A list of host keys for all hosts we can connect to over SFTP.","description_kind":"plain","required":true},"timestamp_format":{"type":"string","description":"The strftime specified timestamp formatting (default `%Y-%m-%dT%H:%M:%S.000`).","description_kind":"plain","optional":true},"user":{"type":"string","description":"The username for the server.","description_kind":"plain","required":true}},"description_kind":"plain"}},"papertrail":{"nesting_mode":"set","block":{"attributes":{"address":{"type":"string","description":"The address of the papertrail service","description_kind":"plain","required":true},"format":{"type":"string","description":"Apache-style string or VCL variables to use for log formatting","description_kind":"plain","optional":true},"name":{"type":"string","description":"Unique name to refer to this logging setup","description_kind":"plain","required":true},"placement":{"type":"string","description":"Where in the generated VCL the logging call should be placed.","description_kind":"plain","optional":true},"port":{"type":"number","description":"The port of the papertrail service","description_kind":"plain","required":true},"response_condition":{"type":"string","description":"Name of blockAttributes condition to apply this logging","description_kind":"plain","optional":true}},"description_kind":"plain"}},"request_setting":{"nesting_mode":"set","block":{"attributes":{"action":{"type":"string","description":"Allows you to terminate request handling and immediately perform an action","description_kind":"plain","optional":true},"bypass_busy_wait":{"type":"bool","description":"Disable collapsed forwarding","description_kind":"plain","optional":true},"default_host":{"type":"string","description":"the host header","description_kind":"plain","optional":true},"force_miss":{"type":"bool","description":"Force a cache miss for the request","description_kind":"plain","optional":true},"force_ssl":{"type":"bool","description":"Forces the request use SSL","description_kind":"plain","optional":true},"geo_headers":{"type":"bool","description":"Inject Fastly-Geo-Country, Fastly-Geo-City, and Fastly-Geo-Region","description_kind":"plain","optional":true},"hash_keys":{"type":"string","description":"Comma separated list of varnish request object fields that should be in the hash key","description_kind":"plain","optional":true},"max_stale_age":{"type":"number","description":"How old an object is allowed to be, in seconds. Default `60`","description_kind":"plain","optional":true},"name":{"type":"string","description":"Unique name to refer to this Request Setting","description_kind":"plain","required":true},"request_condition":{"type":"string","description":"Name of a request condition to apply. If there is no condition this setting will always be applied.","description_kind":"plain","optional":true},"timer_support":{"type":"bool","description":"Injects the X-Timer info into the request","description_kind":"plain","optional":true},"xff":{"type":"string","description":"X-Forwarded-For options","description_kind":"plain","optional":true}},"description_kind":"plain"}},"response_object":{"nesting_mode":"set","block":{"attributes":{"cache_condition":{"type":"string","description":"Name of the condition checked after we have retrieved an object. If the condition passes then deliver this Request Object instead.","description_kind":"plain","optional":true},"content":{"type":"string","description":"The content to deliver for the response object","description_kind":"plain","optional":true},"content_type":{"type":"string","description":"The MIME type of the content","description_kind":"plain","optional":true},"name":{"type":"string","description":"Unique name to refer to this request object","description_kind":"plain","required":true},"request_condition":{"type":"string","description":"Name of the condition to be checked during the request phase to see if the object should be delivered","description_kind":"plain","optional":true},"response":{"type":"string","description":"The HTTP Response of the object","description_kind":"plain","optional":true},"status":{"type":"number","description":"The HTTP Status Code of the object","description_kind":"plain","optional":true}},"description_kind":"plain"}},"s3logging":{"nesting_mode":"set","block":{"attributes":{"bucket_name":{"type":"string","description":"S3 Bucket name to store logs in.","description_kind":"plain","required":true},"domain":{"type":"string","description":"Bucket endpoint.","description_kind":"plain","optional":true},"format":{"type":"string","description":"Apache-style string or VCL variables to use for log formatting.","description_kind":"plain","optional":true},"format_version":{"type":"number","description":"The version of the custom logging format used for the configured endpoint. Can be either 1 or 2. (Default: 1).","description_kind":"plain","optional":true},"gzip_level":{"type":"number","description":"Gzip Compression level.","description_kind":"plain","optional":true},"message_type":{"type":"string","description":"How the message should be formatted.","description_kind":"plain","optional":true},"name":{"type":"string","description":"The unique name of the S3 logging endpoint.","description_kind":"plain","required":true},"path":{"type":"string","description":"Path to store the files. Must end with blockAttributes trailing slash.","description_kind":"plain","optional":true},"period":{"type":"number","description":"How frequently the logs should be transferred, in seconds (Default 3600).","description_kind":"plain","optional":true},"placement":{"type":"string","description":"Where in the generated VCL the logging call should be placed.","description_kind":"plain","optional":true},"public_key":{"type":"string","description":"A PGP public key that Fastly will use to encrypt your log files before writing them to disk.","description_kind":"plain","optional":true},"redundancy":{"type":"string","description":"The S3 redundancy level.","description_kind":"plain","optional":true},"response_condition":{"type":"string","description":"Name of blockAttributes condition to apply this logging.","description_kind":"plain","optional":true},"s3_access_key":{"type":"string","description":"AWS Access Key.","description_kind":"plain","optional":true,"sensitive":true},"s3_secret_key":{"type":"string","description":"AWS Secret Key","description_kind":"plain","optional":true,"sensitive":true},"server_side_encryption":{"type":"string","description":"Specify what type of server side encryption should be used. Can be either `AES256` or `aws:kms`.","description_kind":"plain","optional":true},"server_side_encryption_kms_key_id":{"type":"string","description":"Optional server-side KMS Key Id. Must be set if server_side_encryption is set to `aws:kms`.","description_kind":"plain","optional":true},"timestamp_format":{"type":"string","description":"specified timestamp formatting (default `%Y-%m-%dT%H:%M:%S.000`).","description_kind":"plain","optional":true}},"description_kind":"plain"}},"snippet":{"nesting_mode":"set","block":{"attributes":{"content":{"type":"string","description":"The contents of the VCL snippet","description_kind":"plain","required":true},"name":{"type":"string","description":"A unique name to refer to this VCL snippet","description_kind":"plain","required":true},"priority":{"type":"number","description":"Determines ordering for multiple snippets. Lower priorities execute first. (Default: 100)","description_kind":"plain","optional":true},"type":{"type":"string","description":"One of init, recv, hit, miss, pass, fetch, error, deliver, log, none","description_kind":"plain","required":true}},"description_kind":"plain"}},"splunk":{"nesting_mode":"set","block":{"attributes":{"format":{"type":"string","description":"Apache-style string or VCL variables to use for log formatting (default: `%h %l %u %t \"%r\" %\u003es %b`)","description_kind":"plain","optional":true},"format_version":{"type":"number","description":"The version of the custom logging format used for the configured endpoint. Can be either 1 or 2. (default: 2)","description_kind":"plain","optional":true},"name":{"type":"string","description":"The unique name of the Splunk logging endpoint","description_kind":"plain","required":true},"placement":{"type":"string","description":"Where in the generated VCL the logging call should be placed","description_kind":"plain","optional":true},"response_condition":{"type":"string","description":"The name of the condition to apply","description_kind":"plain","optional":true},"tls_ca_cert":{"type":"string","description":"A secure certificate to authenticate the server with. Must be in PEM format. You can provide this certificate via an environment variable, `FASTLY_SPLUNK_CA_CERT`.","description_kind":"plain","optional":true},"tls_hostname":{"type":"string","description":"The hostname used to verify the server's certificate. It can either be the Common Name or blockAttributes Subject Alternative Name (SAN).","description_kind":"plain","optional":true},"token":{"type":"string","description":"The Splunk token to be used for authentication","description_kind":"plain","optional":true,"sensitive":true},"url":{"type":"string","description":"The Splunk URL to stream logs to","description_kind":"plain","required":true}},"description_kind":"plain"}},"sumologic":{"nesting_mode":"set","block":{"attributes":{"format":{"type":"string","description":"Apache-style string or VCL variables to use for log formatting","description_kind":"plain","optional":true},"format_version":{"type":"number","description":"The version of the custom logging format used for the configured endpoint. Can be either 1 or 2. (Default: 1)","description_kind":"plain","optional":true},"message_type":{"type":"string","description":"How the message should be formatted.","description_kind":"plain","optional":true},"name":{"type":"string","description":"Unique name to refer to this logging setup","description_kind":"plain","required":true},"placement":{"type":"string","description":"Where in the generated VCL the logging call should be placed.","description_kind":"plain","optional":true},"response_condition":{"type":"string","description":"Name of blockAttributes condition to apply this logging.","description_kind":"plain","optional":true},"url":{"type":"string","description":"The URL to POST to.","description_kind":"plain","required":true}},"description_kind":"plain"}},"syslog":{"nesting_mode":"set","block":{"attributes":{"address":{"type":"string","description":"The address of the syslog service","description_kind":"plain","required":true},"format":{"type":"string","description":"Apache-style string or VCL variables to use for log formatting","description_kind":"plain","optional":true},"format_version":{"type":"number","description":"The version of the custom logging format. Can be either 1 or 2. (Default: 1)","description_kind":"plain","optional":true},"message_type":{"type":"string","description":"How the message should be formatted.","description_kind":"plain","optional":true},"name":{"type":"string","description":"Unique name to refer to this logging setup","description_kind":"plain","required":true},"placement":{"type":"string","description":"Where in the generated VCL the logging call should be placed.","description_kind":"plain","optional":true},"port":{"type":"number","description":"The port of the syslog service","description_kind":"plain","optional":true},"response_condition":{"type":"string","description":"Name of blockAttributes condition to apply this logging.","description_kind":"plain","optional":true},"tls_ca_cert":{"type":"string","description":"A secure certificate to authenticate the server with. Must be in PEM format.","description_kind":"plain","optional":true},"tls_client_cert":{"type":"string","description":"The client certificate used to make authenticated requests. Must be in PEM format.","description_kind":"plain","optional":true},"tls_client_key":{"type":"string","description":"The client private key used to make authenticated requests. Must be in PEM format.","description_kind":"plain","optional":true,"sensitive":true},"tls_hostname":{"type":"string","description":"Used during the TLS handshake to validate the certificate.","description_kind":"plain","optional":true},"token":{"type":"string","description":"Authentication token","description_kind":"plain","optional":true},"use_tls":{"type":"bool","description":"Use TLS for secure logging","description_kind":"plain","optional":true}},"description_kind":"plain"}},"vcl":{"nesting_mode":"set","block":{"attributes":{"content":{"type":"string","description":"The contents of this VCL configuration","description_kind":"plain","required":true},"main":{"type":"bool","description":"Should this VCL configuration be the main configuration","description_kind":"plain","optional":true},"name":{"type":"string","description":"A name to refer to this VCL configuration","description_kind":"plain","required":true}},"description_kind":"plain"}},"waf":{"nesting_mode":"list","block":{"attributes":{"prefetch_condition":{"type":"string","description":"The Web Application Firewall's (WAF) prefetch condition","description_kind":"plain","optional":true},"response_object":{"type":"string","description":"The Web Application Firewall's (WAF) response object","description_kind":"plain","required":true},"waf_id":{"type":"string","description":"The Web Application Firewall (WAF) ID","description_kind":"plain","computed":true}},"description_kind":"plain"},"max_items":1}},"description_kind":"plain"}},"fastly_service_waf_configuration":{"version":0,"block":{"attributes":{"allowed_http_versions":{"type":"string","description":"Allowed HTTP versions (default HTTP/1.0 HTTP/1.1 HTTP/2).","description_kind":"plain","optional":true,"computed":true},"allowed_methods":{"type":"string","description":"A space-separated list of HTTP method names (default GET HEAD POST OPTIONS PUT PATCH DELETE).","description_kind":"plain","optional":true,"computed":true},"allowed_request_content_type":{"type":"string","description":"Allowed request content types (default application/x-www-form-urlencoded|multipart/form-data|text/xml|application/xml|application/x-amf|application/json|text/plain).","description_kind":"plain","optional":true,"computed":true},"allowed_request_content_type_charset":{"type":"string","description":"Allowed request content type charset (default utf-8|iso-8859-1|iso-8859-15|windows-1252).","description_kind":"plain","optional":true,"computed":true},"arg_length":{"type":"number","description":"The maximum number of arguments allowed (default 400).","description_kind":"plain","optional":true,"computed":true},"arg_name_length":{"type":"number","description":"The maximum allowed argument name length (default 100).","description_kind":"plain","optional":true,"computed":true},"combined_file_sizes":{"type":"number","description":"The maximum allowed size of all files (in bytes, default 10000000).","description_kind":"plain","optional":true,"computed":true},"critical_anomaly_score":{"type":"number","description":"Score value to add for critical anomalies (default 6).","description_kind":"plain","optional":true,"computed":true},"crs_validate_utf8_encoding":{"type":"bool","description":"CRS validate UTF8 encoding.","description_kind":"plain","optional":true,"computed":true},"error_anomaly_score":{"type":"number","description":"Score value to add for error anomalies (default 5).","description_kind":"plain","optional":true,"computed":true},"high_risk_country_codes":{"type":"string","description":"A space-separated list of country codes in ISO 3166-1 (two-letter) format.","description_kind":"plain","optional":true,"computed":true},"http_violation_score_threshold":{"type":"number","description":"HTTP violation threshold.","description_kind":"plain","optional":true,"computed":true},"id":{"type":"string","description_kind":"plain","optional":true,"computed":true},"inbound_anomaly_score_threshold":{"type":"number","description":"Inbound anomaly threshold.","description_kind":"plain","optional":true,"computed":true},"lfi_score_threshold":{"type":"number","description":"Local file inclusion attack threshold.","description_kind":"plain","optional":true,"computed":true},"max_file_size":{"type":"number","description":"The maximum allowed file size, in bytes (default 10000000).","description_kind":"plain","optional":true,"computed":true},"max_num_args":{"type":"number","description":"The maximum number of arguments allowed (default 255).","description_kind":"plain","optional":true,"computed":true},"notice_anomaly_score":{"type":"number","description":"Score value to add for notice anomalies (default 4).","description_kind":"plain","optional":true,"computed":true},"paranoia_level":{"type":"number","description":"The configured paranoia level (default 1).","description_kind":"plain","optional":true,"computed":true},"php_injection_score_threshold":{"type":"number","description":"PHP injection threshold.","description_kind":"plain","optional":true,"computed":true},"rce_score_threshold":{"type":"number","description":"Remote code execution threshold.","description_kind":"plain","optional":true,"computed":true},"restricted_extensions":{"type":"string","description":"A space-separated list of allowed file extensions (default .asa/ .asax/ .ascx/ .axd/ .backup/ .bak/ .bat/ .cdx/ .cer/ .cfg/ .cmd/ .com/ .config/ .conf/ .cs/ .csproj/ .csr/ .dat/ .db/ .dbf/ .dll/ .dos/ .htr/ .htw/ .ida/ .idc/ .idq/ .inc/ .ini/ .key/ .licx/ .lnk/ .log/ .mdb/ .old/ .pass/ .pdb/ .pol/ .printer/ .pwd/ .resources/ .resx/ .sql/ .sys/ .vb/ .vbs/ .vbproj/ .vsdisco/ .webinfo/ .xsd/ .xsx).","description_kind":"plain","optional":true,"computed":true},"restricted_headers":{"type":"string","description":"A space-separated list of allowed header names (default /proxy/ /lock-token/ /content-range/ /translate/ /if/).","description_kind":"plain","optional":true,"computed":true},"rfi_score_threshold":{"type":"number","description":"Remote file inclusion attack threshold.","description_kind":"plain","optional":true,"computed":true},"session_fixation_score_threshold":{"type":"number","description":"Session fixation attack threshold.","description_kind":"plain","optional":true,"computed":true},"sql_injection_score_threshold":{"type":"number","description":"SQL injection attack threshold.","description_kind":"plain","optional":true,"computed":true},"total_arg_length":{"type":"number","description":"The maximum size of argument names and values (default 6400).","description_kind":"plain","optional":true,"computed":true},"waf_id":{"type":"string","description":"The service the WAF belongs to.","description_kind":"plain","required":true},"warning_anomaly_score":{"type":"number","description":"Score value to add for warning anomalies.","description_kind":"plain","optional":true,"computed":true},"xss_score_threshold":{"type":"number","description":"XSS attack threshold.","description_kind":"plain","optional":true,"computed":true}},"block_types":{"rule":{"nesting_mode":"set","block":{"attributes":{"modsec_rule_id":{"type":"number","description":"The Web Application Firewall rule's modsec ID.","description_kind":"plain","required":true},"revision":{"type":"number","description":"The Web Application Firewall rule's revision.","description_kind":"plain","optional":true,"computed":true},"status":{"type":"string","description":"The Web Application Firewall rule's status. Allowed values are (log, block and score).","description_kind":"plain","required":true}},"description_kind":"plain"}}},"description_kind":"plain"}},"fastly_user_v1":{"version":0,"block":{"attributes":{"id":{"type":"string","description_kind":"plain","optional":true,"computed":true},"login":{"type":"string","description":"The email address, which is the login name, of this user.","description_kind":"plain","required":true},"name":{"type":"string","description":"The real life name of the user.","description_kind":"plain","required":true},"role":{"type":"string","description":"The user-assigned permissions role. Can be `user` (the default), `billing`, `engineer`, or `superuser`.","description_kind":"plain","optional":true}},"description_kind":"plain"}}},"data_source_schemas":{"fastly_acl_entries":{"version":0,"block":{"attributes":{"acl":{"type":"string","description_kind":"plain","required":true},"acl_entries":{"type":["list",["object",{"acl_id":"string","comment":"string","id":"string","ip":"string","negated":"bool","service_id":"string","subnet":"string"}]],"description_kind":"plain","computed":true},"id":{"type":"string","description_kind":"plain","optional":true,"computed":true},"service":{"type":"string","description_kind":"plain","required":true}},"description_kind":"plain"}},"fastly_ip_ranges":{"version":0,"block":{"attributes":{"cidr_blocks":{"type":["list","string"],"description_kind":"plain","computed":true},"id":{"type":"string","description_kind":"plain","optional":true,"computed":true},"ipv6_cidr_blocks":{"type":["list","string"],"description_kind":"plain","computed":true}},"description_kind":"plain"}},"fastly_waf_rules":{"version":0,"block":{"attributes":{"exclude_modsec_rule_ids":{"type":["list","number"],"description":"A list of modsecurity rules IDs to be excluded from the data set.","description_kind":"plain","optional":true},"id":{"type":"string","description_kind":"plain","optional":true,"computed":true},"publishers":{"type":["list","string"],"description":"A list of publishers to be used as filters for the data set.","description_kind":"plain","optional":true},"rules":{"type":["list",["object",{"latest_revision_number":"number","modsec_rule_id":"number","type":"string"}]],"description":"The list of rules that results from any given combination of filters.","description_kind":"plain","computed":true},"tags":{"type":["list","string"],"description":"A list of tags to be used as filters for the data set.","description_kind":"plain","optional":true}},"description_kind":"plain"}}}}}}
