{"format_version":"0.1","provider_schemas":{"registry.terraform.io/mongey/confluentcloud":{"provider":{"version":0,"block":{"attributes":{"password":{"type":"string","description_kind":"plain","optional":true,"sensitive":true},"username":{"type":"string","description_kind":"plain","optional":true}},"description_kind":"plain"}},"resource_schemas":{"confluentcloud_api_key":{"version":0,"block":{"attributes":{"cluster_id":{"type":"string","description_kind":"plain","optional":true},"description":{"type":"string","description":"Description","description_kind":"plain","optional":true},"environment_id":{"type":"string","description":"Environment ID","description_kind":"plain","required":true},"id":{"type":"string","description_kind":"plain","optional":true,"computed":true},"key":{"type":"string","description_kind":"plain","computed":true},"logical_clusters":{"type":["list","string"],"description":"Logical Cluster ID List to create API KEY","description_kind":"plain","optional":true},"secret":{"type":"string","description_kind":"plain","computed":true,"sensitive":true},"user_id":{"type":"number","description":"User ID","description_kind":"plain","optional":true}},"description_kind":"plain"}},"confluentcloud_environment":{"version":0,"block":{"attributes":{"id":{"type":"string","description_kind":"plain","optional":true,"computed":true},"name":{"type":"string","description":"The name of the environment","description_kind":"plain","required":true}},"description_kind":"plain"}},"confluentcloud_kafka_cluster":{"version":0,"block":{"attributes":{"availability":{"type":"string","description":"LOW(single-zone) or HIGH(multi-zone)","description_kind":"plain","required":true},"bootstrap_servers":{"type":"string","description_kind":"plain","computed":true},"deployment":{"type":["map","string"],"description":"Deployment settings.  Currently only `sku` is supported.","description_kind":"plain","optional":true},"environment_id":{"type":"string","description":"Environment ID","description_kind":"plain","required":true},"id":{"type":"string","description_kind":"plain","optional":true,"computed":true},"name":{"type":"string","description":"The name of the cluster","description_kind":"plain","required":true},"network_egress":{"type":"number","description":"Network egress limit(MBps)","description_kind":"plain","optional":true},"network_ingress":{"type":"number","description":"Network ingress limit(MBps)","description_kind":"plain","optional":true},"region":{"type":"string","description":"where","description_kind":"plain","required":true},"service_provider":{"type":"string","description":"AWS / GCP","description_kind":"plain","required":true},"storage":{"type":"number","description":"Storage limit(GB)","description_kind":"plain","optional":true}},"description_kind":"plain"}},"confluentcloud_service_account":{"version":0,"block":{"attributes":{"description":{"type":"string","description":"Service Account Description","description_kind":"plain","required":true},"id":{"type":"string","description_kind":"plain","optional":true,"computed":true},"name":{"type":"string","description_kind":"plain","required":true}},"description_kind":"plain"}}}}}}
