{"format_version":"0.1","provider_schemas":{"registry.terraform.io/databrickslabs/databricks":{"provider":{"version":0,"block":{"attributes":{"azure_client_id":{"type":"string","description_kind":"plain","optional":true},"azure_client_secret":{"type":"string","description_kind":"plain","optional":true,"sensitive":true},"azure_pat_token_duration_seconds":{"type":"string","description":"Currently secret scopes are not accessible via AAD tokens so we will need to create a PAT token","description_kind":"plain","optional":true},"azure_resource_group":{"type":"string","description_kind":"plain","optional":true},"azure_subscription_id":{"type":"string","description_kind":"plain","optional":true,"sensitive":true},"azure_tenant_id":{"type":"string","description_kind":"plain","optional":true,"sensitive":true},"azure_use_pat_for_cli":{"type":"bool","description":"Create ephemeral PAT tokens also for AZ CLI authenticated requests","description_kind":"plain","optional":true},"azure_workspace_name":{"type":"string","description_kind":"plain","optional":true},"azure_workspace_resource_id":{"type":"string","description_kind":"plain","optional":true},"config_file":{"type":"string","description":"Location of the Databricks CLI credentials file, that is created\nby `databricks configure --token` command. By default, it is located\nin ~/.databrickscfg. Check  https://docs.databricks.com/dev-tools/cli/index.html#set-up-authentication for docs. Config\nfile credentials will only be used when host/token are not provided.","description_kind":"plain","optional":true},"debug_truncate_bytes":{"type":"number","description_kind":"plain","optional":true},"host":{"type":"string","description_kind":"plain","optional":true},"password":{"type":"string","description_kind":"plain","optional":true,"sensitive":true},"profile":{"type":"string","description":"Connection profile specified within ~/.databrickscfg. Please check\nhttps://docs.databricks.com/dev-tools/cli/index.html#connection-profiles for documentation.","description_kind":"plain","optional":true},"skip_verify":{"type":"bool","description":"Skip SSL certificate verification for HTTP calls. Use at your own risk.","description_kind":"plain","optional":true},"token":{"type":"string","description_kind":"plain","optional":true,"sensitive":true},"username":{"type":"string","description_kind":"plain","optional":true}},"block_types":{"azure_auth":{"nesting_mode":"list","block":{"attributes":{"azure_region":{"type":"string","description_kind":"plain","deprecated":true,"optional":true},"client_id":{"type":"string","description_kind":"plain","deprecated":true,"optional":true},"client_secret":{"type":"string","description_kind":"plain","deprecated":true,"optional":true},"managed_resource_group":{"type":"string","description_kind":"plain","deprecated":true,"optional":true},"pat_token_duration_seconds":{"type":"string","description":"Currently secret scopes are not accessible via AAD tokens so we will need to create a PAT token","description_kind":"plain","deprecated":true,"optional":true},"resource_group":{"type":"string","description_kind":"plain","deprecated":true,"optional":true},"subscription_id":{"type":"string","description_kind":"plain","deprecated":true,"optional":true},"tenant_id":{"type":"string","description_kind":"plain","deprecated":true,"optional":true},"workspace_name":{"type":"string","description_kind":"plain","deprecated":true,"optional":true}},"description_kind":"plain","deprecated":true},"max_items":1},"basic_auth":{"nesting_mode":"list","block":{"attributes":{"password":{"type":"string","description_kind":"plain","required":true,"sensitive":true},"username":{"type":"string","description_kind":"plain","required":true}},"description_kind":"plain","deprecated":true},"max_items":1}},"description_kind":"plain"}},"resource_schemas":{"databricks_aws_s3_mount":{"version":2,"block":{"attributes":{"cluster_id":{"type":"string","description_kind":"plain","optional":true,"computed":true},"id":{"type":"string","description_kind":"plain","optional":true,"computed":true},"instance_profile":{"type":"string","description_kind":"plain","optional":true},"mount_name":{"type":"string","description_kind":"plain","required":true},"s3_bucket_name":{"type":"string","description_kind":"plain","required":true},"source":{"type":"string","description_kind":"plain","computed":true}},"description_kind":"plain"}},"databricks_azure_adls_gen1_mount":{"version":2,"block":{"attributes":{"client_id":{"type":"string","description_kind":"plain","required":true},"client_secret_key":{"type":"string","description_kind":"plain","required":true},"client_secret_scope":{"type":"string","description_kind":"plain","required":true},"cluster_id":{"type":"string","description_kind":"plain","optional":true},"directory":{"type":"string","description_kind":"plain","optional":true,"computed":true},"id":{"type":"string","description_kind":"plain","optional":true,"computed":true},"mount_name":{"type":"string","description_kind":"plain","required":true},"source":{"type":"string","description_kind":"plain","computed":true},"spark_conf_prefix":{"type":"string","description_kind":"plain","optional":true},"storage_resource_name":{"type":"string","description_kind":"plain","required":true},"tenant_id":{"type":"string","description_kind":"plain","required":true}},"description_kind":"plain"}},"databricks_azure_adls_gen2_mount":{"version":2,"block":{"attributes":{"client_id":{"type":"string","description_kind":"plain","required":true},"client_secret_key":{"type":"string","description_kind":"plain","required":true},"client_secret_scope":{"type":"string","description_kind":"plain","required":true},"cluster_id":{"type":"string","description_kind":"plain","optional":true},"container_name":{"type":"string","description_kind":"plain","required":true},"directory":{"type":"string","description_kind":"plain","optional":true,"computed":true},"id":{"type":"string","description_kind":"plain","optional":true,"computed":true},"initialize_file_system":{"type":"bool","description_kind":"plain","required":true},"mount_name":{"type":"string","description_kind":"plain","required":true},"source":{"type":"string","description_kind":"plain","computed":true},"storage_account_name":{"type":"string","description_kind":"plain","required":true},"tenant_id":{"type":"string","description_kind":"plain","required":true}},"description_kind":"plain"}},"databricks_azure_blob_mount":{"version":2,"block":{"attributes":{"auth_type":{"type":"string","description_kind":"plain","required":true},"cluster_id":{"type":"string","description_kind":"plain","optional":true},"container_name":{"type":"string","description_kind":"plain","required":true},"directory":{"type":"string","description_kind":"plain","optional":true},"id":{"type":"string","description_kind":"plain","optional":true,"computed":true},"mount_name":{"type":"string","description_kind":"plain","required":true},"source":{"type":"string","description_kind":"plain","computed":true},"storage_account_name":{"type":"string","description_kind":"plain","required":true},"token_secret_key":{"type":"string","description_kind":"plain","required":true,"sensitive":true},"token_secret_scope":{"type":"string","description_kind":"plain","required":true}},"description_kind":"plain"}},"databricks_cluster":{"version":2,"block":{"attributes":{"autotermination_minutes":{"type":"number","description_kind":"plain","optional":true},"cluster_id":{"type":"string","description_kind":"plain","optional":true,"computed":true},"cluster_name":{"type":"string","description_kind":"plain","optional":true},"custom_tags":{"type":["map","string"],"description_kind":"plain","optional":true},"default_tags":{"type":["map","string"],"description_kind":"plain","computed":true},"driver_node_type_id":{"type":"string","description_kind":"plain","optional":true,"computed":true},"enable_elastic_disk":{"type":"bool","description_kind":"plain","optional":true,"computed":true},"enable_local_disk_encryption":{"type":"bool","description_kind":"plain","optional":true},"id":{"type":"string","description_kind":"plain","optional":true,"computed":true},"idempotency_token":{"type":"string","description_kind":"plain","optional":true},"instance_pool_id":{"type":"string","description_kind":"plain","optional":true},"library_cran":{"type":["set",["object",{"messages":["list","string"],"package":"string","repo":"string","status":"string"}]],"description_kind":"plain","deprecated":true,"optional":true},"library_egg":{"type":["set",["object",{"messages":["list","string"],"path":"string","status":"string"}]],"description_kind":"plain","deprecated":true,"optional":true},"library_jar":{"type":["set",["object",{"messages":["list","string"],"path":"string","status":"string"}]],"description_kind":"plain","deprecated":true,"optional":true},"library_maven":{"type":["set",["object",{"coordinates":"string","exclusions":["list","string"],"messages":["list","string"],"repo":"string","status":"string"}]],"description_kind":"plain","deprecated":true,"optional":true},"library_pypi":{"type":["set",["object",{"messages":["list","string"],"package":"string","repo":"string","status":"string"}]],"description_kind":"plain","deprecated":true,"optional":true},"library_whl":{"type":["set",["object",{"messages":["list","string"],"path":"string","status":"string"}]],"description_kind":"plain","deprecated":true,"optional":true},"node_type_id":{"type":"string","description_kind":"plain","optional":true,"computed":true},"num_workers":{"type":"number","description_kind":"plain","optional":true},"policy_id":{"type":"string","description_kind":"plain","optional":true},"single_user_name":{"type":"string","description_kind":"plain","optional":true},"spark_conf":{"type":["map","string"],"description_kind":"plain","optional":true},"spark_env_vars":{"type":["map","string"],"description_kind":"plain","optional":true},"spark_version":{"type":"string","description_kind":"plain","required":true},"ssh_public_keys":{"type":["list","string"],"description_kind":"plain","optional":true},"state":{"type":"string","description_kind":"plain","computed":true}},"block_types":{"autoscale":{"nesting_mode":"list","block":{"attributes":{"max_workers":{"type":"number","description_kind":"plain","optional":true},"min_workers":{"type":"number","description_kind":"plain","optional":true}},"description_kind":"plain"},"max_items":1},"aws_attributes":{"nesting_mode":"list","block":{"attributes":{"availability":{"type":"string","description_kind":"plain","optional":true,"computed":true},"ebs_volume_count":{"type":"number","description_kind":"plain","optional":true,"computed":true},"ebs_volume_size":{"type":"number","description_kind":"plain","optional":true,"computed":true},"ebs_volume_type":{"type":"string","description_kind":"plain","optional":true,"computed":true},"first_on_demand":{"type":"number","description_kind":"plain","optional":true,"computed":true},"instance_profile_arn":{"type":"string","description_kind":"plain","optional":true},"spot_bid_price_percent":{"type":"number","description_kind":"plain","optional":true,"computed":true},"zone_id":{"type":"string","description_kind":"plain","optional":true,"computed":true}},"description_kind":"plain"},"max_items":1},"cluster_log_conf":{"nesting_mode":"list","block":{"block_types":{"dbfs":{"nesting_mode":"list","block":{"attributes":{"destination":{"type":"string","description_kind":"plain","required":true}},"description_kind":"plain"},"max_items":1},"s3":{"nesting_mode":"list","block":{"attributes":{"canned_acl":{"type":"string","description_kind":"plain","optional":true},"destination":{"type":"string","description_kind":"plain","required":true},"enable_encryption":{"type":"bool","description_kind":"plain","optional":true},"encryption_type":{"type":"string","description_kind":"plain","optional":true},"endpoint":{"type":"string","description_kind":"plain","optional":true},"kms_key":{"type":"string","description_kind":"plain","optional":true},"region":{"type":"string","description_kind":"plain","optional":true}},"description_kind":"plain"},"max_items":1}},"description_kind":"plain"},"max_items":1},"docker_image":{"nesting_mode":"list","block":{"attributes":{"url":{"type":"string","description_kind":"plain","required":true}},"block_types":{"basic_auth":{"nesting_mode":"list","block":{"attributes":{"password":{"type":"string","description_kind":"plain","required":true,"sensitive":true},"username":{"type":"string","description_kind":"plain","required":true}},"description_kind":"plain"},"max_items":1}},"description_kind":"plain"},"max_items":1},"init_scripts":{"nesting_mode":"list","block":{"block_types":{"dbfs":{"nesting_mode":"list","block":{"attributes":{"destination":{"type":"string","description_kind":"plain","required":true}},"description_kind":"plain"},"max_items":1},"s3":{"nesting_mode":"list","block":{"attributes":{"canned_acl":{"type":"string","description_kind":"plain","optional":true},"destination":{"type":"string","description_kind":"plain","required":true},"enable_encryption":{"type":"bool","description_kind":"plain","optional":true},"encryption_type":{"type":"string","description_kind":"plain","optional":true},"endpoint":{"type":"string","description_kind":"plain","optional":true},"kms_key":{"type":"string","description_kind":"plain","optional":true},"region":{"type":"string","description_kind":"plain","optional":true}},"description_kind":"plain"},"max_items":1}},"description_kind":"plain"},"max_items":10},"library":{"nesting_mode":"set","block":{"attributes":{"egg":{"type":"string","description_kind":"plain","optional":true},"jar":{"type":"string","description_kind":"plain","optional":true},"whl":{"type":"string","description_kind":"plain","optional":true}},"block_types":{"cran":{"nesting_mode":"list","block":{"attributes":{"package":{"type":"string","description_kind":"plain","required":true},"repo":{"type":"string","description_kind":"plain","optional":true}},"description_kind":"plain"},"max_items":1},"maven":{"nesting_mode":"list","block":{"attributes":{"coordinates":{"type":"string","description_kind":"plain","required":true},"exclusions":{"type":["list","string"],"description_kind":"plain","optional":true},"repo":{"type":"string","description_kind":"plain","optional":true}},"description_kind":"plain"},"max_items":1},"pypi":{"nesting_mode":"list","block":{"attributes":{"package":{"type":"string","description_kind":"plain","required":true},"repo":{"type":"string","description_kind":"plain","optional":true}},"description_kind":"plain"},"max_items":1}},"description_kind":"plain"}},"timeouts":{"nesting_mode":"single","block":{"attributes":{"create":{"type":"string","description_kind":"plain","optional":true},"delete":{"type":"string","description_kind":"plain","optional":true},"update":{"type":"string","description_kind":"plain","optional":true}},"description_kind":"plain"}}},"description_kind":"plain"}},"databricks_cluster_policy":{"version":0,"block":{"attributes":{"definition":{"type":"string","description":"Policy definition JSON document expressed in\nDatabricks Policy Definition Language.","description_kind":"plain","optional":true},"id":{"type":"string","description_kind":"plain","optional":true,"computed":true},"name":{"type":"string","description":"Cluster policy name. This must be unique.\nLength must be between 1 and 100 characters.","description_kind":"plain","required":true},"policy_id":{"type":"string","description_kind":"plain","computed":true}},"description_kind":"plain"}},"databricks_dbfs_file":{"version":0,"block":{"attributes":{"content":{"type":"string","description_kind":"plain","optional":true},"content_b64_md5":{"type":"string","description_kind":"plain","required":true},"file_size":{"type":"number","description_kind":"plain","computed":true},"id":{"type":"string","description_kind":"plain","optional":true,"computed":true},"mkdirs":{"type":"bool","description_kind":"plain","optional":true},"overwrite":{"type":"bool","description_kind":"plain","optional":true},"path":{"type":"string","description_kind":"plain","required":true},"source":{"type":"string","description_kind":"plain","optional":true},"validate_remote_file":{"type":"bool","description_kind":"plain","optional":true}},"description_kind":"plain"}},"databricks_group":{"version":0,"block":{"attributes":{"allow_cluster_create":{"type":"bool","description_kind":"plain","optional":true},"allow_instance_pool_create":{"type":"bool","description_kind":"plain","optional":true},"display_name":{"type":"string","description_kind":"plain","required":true},"id":{"type":"string","description_kind":"plain","optional":true,"computed":true}},"description_kind":"plain"}},"databricks_group_instance_profile":{"version":0,"block":{"attributes":{"group_id":{"type":"string","description_kind":"plain","required":true},"id":{"type":"string","description_kind":"plain","optional":true,"computed":true},"instance_profile_id":{"type":"string","description_kind":"plain","required":true}},"description_kind":"plain"}},"databricks_group_member":{"version":0,"block":{"attributes":{"group_id":{"type":"string","description_kind":"plain","required":true},"id":{"type":"string","description_kind":"plain","optional":true,"computed":true},"member_id":{"type":"string","description_kind":"plain","required":true}},"description_kind":"plain"}},"databricks_instance_pool":{"version":0,"block":{"attributes":{"custom_tags":{"type":["map","string"],"description_kind":"plain","optional":true},"default_tags":{"type":["map","string"],"description_kind":"plain","computed":true},"enable_elastic_disk":{"type":"bool","description_kind":"plain","optional":true},"id":{"type":"string","description_kind":"plain","optional":true,"computed":true},"idle_instance_autotermination_minutes":{"type":"number","description_kind":"plain","required":true},"instance_pool_name":{"type":"string","description_kind":"plain","required":true},"max_capacity":{"type":"number","description_kind":"plain","optional":true},"min_idle_instances":{"type":"number","description_kind":"plain","required":true},"node_type_id":{"type":"string","description_kind":"plain","required":true},"preloaded_spark_versions":{"type":["list","string"],"description_kind":"plain","optional":true},"state":{"type":"string","description_kind":"plain","optional":true,"computed":true}},"block_types":{"aws_attributes":{"nesting_mode":"list","block":{"attributes":{"availability":{"type":"string","description_kind":"plain","optional":true},"spot_bid_price_percent":{"type":"number","description_kind":"plain","optional":true},"zone_id":{"type":"string","description_kind":"plain","required":true}},"description_kind":"plain"},"max_items":1},"disk_spec":{"nesting_mode":"list","block":{"attributes":{"azure_disk_volume_type":{"type":"string","description_kind":"plain","optional":true},"disk_count":{"type":"number","description_kind":"plain","optional":true},"disk_size":{"type":"number","description_kind":"plain","optional":true},"ebs_volume_type":{"type":"string","description_kind":"plain","optional":true}},"description_kind":"plain"},"max_items":1},"timeouts":{"nesting_mode":"single","block":{"attributes":{"create":{"type":"string","description_kind":"plain","optional":true}},"description_kind":"plain"}}},"description_kind":"plain"}},"databricks_instance_profile":{"version":0,"block":{"attributes":{"id":{"type":"string","description_kind":"plain","optional":true,"computed":true},"instance_profile_arn":{"type":"string","description_kind":"plain","required":true},"skip_validation":{"type":"bool","description_kind":"plain","required":true}},"description_kind":"plain"}},"databricks_job":{"version":2,"block":{"attributes":{"existing_cluster_id":{"type":"string","description":"If existing_cluster_id, the ID of an existing cluster that will be used for all runs of this job. When running jobs on an existing cluster, you may need to manually restart the cluster if it stops responding. We strongly suggest to use `new_cluster` for greater reliability.","description_kind":"plain","optional":true},"id":{"type":"string","description_kind":"plain","optional":true,"computed":true},"jar_main_class_name":{"type":"string","description":"Deprecated. Please use `spark_jar_task`.","description_kind":"plain","deprecated":true,"optional":true},"jar_parameters":{"type":["list","string"],"description":"Deprecated. Please use `spark_jar_task`.","description_kind":"plain","deprecated":true,"optional":true},"jar_uri":{"type":"string","description_kind":"plain","deprecated":true,"optional":true},"library_cran":{"type":["set",["object",{"messages":["list","string"],"package":"string","repo":"string","status":"string"}]],"description_kind":"plain","deprecated":true,"optional":true},"library_egg":{"type":["set",["object",{"messages":["list","string"],"path":"string","status":"string"}]],"description_kind":"plain","deprecated":true,"optional":true},"library_jar":{"type":["set",["object",{"messages":["list","string"],"path":"string","status":"string"}]],"description_kind":"plain","deprecated":true,"optional":true},"library_maven":{"type":["set",["object",{"coordinates":"string","exclusions":["list","string"],"messages":["list","string"],"repo":"string","status":"string"}]],"description_kind":"plain","deprecated":true,"optional":true},"library_pypi":{"type":["set",["object",{"messages":["list","string"],"package":"string","repo":"string","status":"string"}]],"description_kind":"plain","deprecated":true,"optional":true},"library_whl":{"type":["set",["object",{"messages":["list","string"],"path":"string","status":"string"}]],"description_kind":"plain","deprecated":true,"optional":true},"max_concurrent_runs":{"type":"number","description":"An optional maximum allowed number of concurrent runs of the job.","description_kind":"plain","optional":true},"max_retries":{"type":"number","description":"An optional maximum number of times to retry an unsuccessful run. A run is considered to be unsuccessful if it completes with a FAILED result_state or INTERNAL_ERROR life_cycle_state. The value -1 means to retry indefinitely and the value 0 means to never retry. The default behavior is to never retry.","description_kind":"plain","optional":true},"min_retry_interval_millis":{"type":"number","description":"An optional minimal interval in milliseconds between the start of the failed run and the subsequent retry run. The default behavior is that unsuccessful runs are immediately retried.","description_kind":"plain","optional":true},"name":{"type":"string","description":"An optional name for the job. The default value is Untitled.","description_kind":"plain","optional":true},"notebook_base_parameters":{"type":["map","string"],"description":"Deprecated. Please use `notebook_task`.","description_kind":"plain","deprecated":true,"optional":true},"notebook_path":{"type":"string","description":"Deprecated. Please use `notebook_task`.","description_kind":"plain","deprecated":true,"optional":true},"python_file":{"type":"string","description":"Deprecated. Please use `spark_python_task`.","description_kind":"plain","deprecated":true,"optional":true},"python_parameters":{"type":["list","string"],"description":"Deprecated. Please use `spark_python_task`.","description_kind":"plain","deprecated":true,"optional":true},"retry_on_timeout":{"type":"bool","description":"An optional policy to specify whether to retry a job when it times out. The default behavior is to not retry on timeout.","description_kind":"plain","optional":true},"spark_submit_parameters":{"type":["list","string"],"description_kind":"plain","deprecated":true,"optional":true},"timeout_seconds":{"type":"number","description":"An optional timeout applied to each run of this job. The default behavior is to have no timeout.","description_kind":"plain","optional":true}},"block_types":{"email_notifications":{"nesting_mode":"list","block":{"attributes":{"no_alert_for_skipped_runs":{"type":"bool","description_kind":"plain","optional":true},"on_failure":{"type":["list","string"],"description_kind":"plain","optional":true},"on_start":{"type":["list","string"],"description_kind":"plain","optional":true},"on_success":{"type":["list","string"],"description_kind":"plain","optional":true}},"description":"An optional set of email addresses notified when runs of this job begin and complete and when this job is deleted. The default behavior is to not send any emails.","description_kind":"plain"},"max_items":1},"library":{"nesting_mode":"set","block":{"attributes":{"egg":{"type":"string","description_kind":"plain","optional":true},"jar":{"type":"string","description_kind":"plain","optional":true},"whl":{"type":"string","description_kind":"plain","optional":true}},"block_types":{"cran":{"nesting_mode":"list","block":{"attributes":{"package":{"type":"string","description_kind":"plain","required":true},"repo":{"type":"string","description_kind":"plain","optional":true}},"description_kind":"plain"},"max_items":1},"maven":{"nesting_mode":"list","block":{"attributes":{"coordinates":{"type":"string","description_kind":"plain","required":true},"exclusions":{"type":["list","string"],"description_kind":"plain","optional":true},"repo":{"type":"string","description_kind":"plain","optional":true}},"description_kind":"plain"},"max_items":1},"pypi":{"nesting_mode":"list","block":{"attributes":{"package":{"type":"string","description_kind":"plain","required":true},"repo":{"type":"string","description_kind":"plain","optional":true}},"description_kind":"plain"},"max_items":1}},"description":"An optional list of libraries to be installed on the cluster that will execute the job. The default value is an empty list.","description_kind":"plain"}},"new_cluster":{"nesting_mode":"list","block":{"attributes":{"autotermination_minutes":{"type":"number","description_kind":"plain","optional":true},"cluster_id":{"type":"string","description_kind":"plain","optional":true},"cluster_name":{"type":"string","description_kind":"plain","optional":true},"custom_tags":{"type":["map","string"],"description_kind":"plain","optional":true},"driver_node_type_id":{"type":"string","description_kind":"plain","optional":true,"computed":true},"enable_elastic_disk":{"type":"bool","description_kind":"plain","optional":true,"computed":true},"enable_local_disk_encryption":{"type":"bool","description_kind":"plain","optional":true},"idempotency_token":{"type":"string","description_kind":"plain","optional":true},"instance_pool_id":{"type":"string","description_kind":"plain","optional":true},"node_type_id":{"type":"string","description_kind":"plain","optional":true,"computed":true},"num_workers":{"type":"number","description_kind":"plain","optional":true},"policy_id":{"type":"string","description_kind":"plain","optional":true},"single_user_name":{"type":"string","description_kind":"plain","optional":true},"spark_conf":{"type":["map","string"],"description_kind":"plain","optional":true},"spark_env_vars":{"type":["map","string"],"description_kind":"plain","optional":true},"spark_version":{"type":"string","description_kind":"plain","required":true},"ssh_public_keys":{"type":["list","string"],"description_kind":"plain","optional":true}},"block_types":{"autoscale":{"nesting_mode":"list","block":{"attributes":{"max_workers":{"type":"number","description_kind":"plain","optional":true},"min_workers":{"type":"number","description_kind":"plain","optional":true}},"description_kind":"plain"},"max_items":1},"aws_attributes":{"nesting_mode":"list","block":{"attributes":{"availability":{"type":"string","description_kind":"plain","optional":true,"computed":true},"ebs_volume_count":{"type":"number","description_kind":"plain","optional":true,"computed":true},"ebs_volume_size":{"type":"number","description_kind":"plain","optional":true,"computed":true},"ebs_volume_type":{"type":"string","description_kind":"plain","optional":true,"computed":true},"first_on_demand":{"type":"number","description_kind":"plain","optional":true,"computed":true},"instance_profile_arn":{"type":"string","description_kind":"plain","optional":true},"spot_bid_price_percent":{"type":"number","description_kind":"plain","optional":true,"computed":true},"zone_id":{"type":"string","description_kind":"plain","optional":true,"computed":true}},"description_kind":"plain"},"max_items":1},"cluster_log_conf":{"nesting_mode":"list","block":{"block_types":{"dbfs":{"nesting_mode":"list","block":{"attributes":{"destination":{"type":"string","description_kind":"plain","required":true}},"description_kind":"plain"},"max_items":1},"s3":{"nesting_mode":"list","block":{"attributes":{"canned_acl":{"type":"string","description_kind":"plain","optional":true},"destination":{"type":"string","description_kind":"plain","required":true},"enable_encryption":{"type":"bool","description_kind":"plain","optional":true},"encryption_type":{"type":"string","description_kind":"plain","optional":true},"endpoint":{"type":"string","description_kind":"plain","optional":true},"kms_key":{"type":"string","description_kind":"plain","optional":true},"region":{"type":"string","description_kind":"plain","optional":true}},"description_kind":"plain"},"max_items":1}},"description_kind":"plain"},"max_items":1},"docker_image":{"nesting_mode":"list","block":{"attributes":{"url":{"type":"string","description_kind":"plain","required":true}},"block_types":{"basic_auth":{"nesting_mode":"list","block":{"attributes":{"password":{"type":"string","description_kind":"plain","required":true},"username":{"type":"string","description_kind":"plain","required":true}},"description_kind":"plain"},"max_items":1}},"description_kind":"plain"},"max_items":1},"init_scripts":{"nesting_mode":"list","block":{"block_types":{"dbfs":{"nesting_mode":"list","block":{"attributes":{"destination":{"type":"string","description_kind":"plain","required":true}},"description_kind":"plain"},"max_items":1},"s3":{"nesting_mode":"list","block":{"attributes":{"canned_acl":{"type":"string","description_kind":"plain","optional":true},"destination":{"type":"string","description_kind":"plain","required":true},"enable_encryption":{"type":"bool","description_kind":"plain","optional":true},"encryption_type":{"type":"string","description_kind":"plain","optional":true},"endpoint":{"type":"string","description_kind":"plain","optional":true},"kms_key":{"type":"string","description_kind":"plain","optional":true},"region":{"type":"string","description_kind":"plain","optional":true}},"description_kind":"plain"},"max_items":1}},"description_kind":"plain"},"max_items":10}},"description":"Same set of parameters as for [databricks_cluster](cluster.md) resource.","description_kind":"plain"},"max_items":1},"notebook_task":{"nesting_mode":"list","block":{"attributes":{"base_parameters":{"type":["map","string"],"description_kind":"plain","optional":true},"notebook_path":{"type":"string","description_kind":"plain","required":true}},"description_kind":"plain"},"max_items":1},"schedule":{"nesting_mode":"list","block":{"attributes":{"pause_status":{"type":"string","description_kind":"plain","optional":true},"quartz_cron_expression":{"type":"string","description_kind":"plain","required":true},"timezone_id":{"type":"string","description_kind":"plain","required":true}},"description":"An optional periodic schedule for this job. The default behavior is that the job runs when triggered by clicking Run Now in the Jobs UI or sending an API request to runNow.","description_kind":"plain"},"max_items":1},"spark_jar_task":{"nesting_mode":"list","block":{"attributes":{"jar_uri":{"type":"string","description_kind":"plain","optional":true},"main_class_name":{"type":"string","description_kind":"plain","optional":true},"parameters":{"type":["list","string"],"description_kind":"plain","optional":true}},"description_kind":"plain"},"max_items":1},"spark_python_task":{"nesting_mode":"list","block":{"attributes":{"parameters":{"type":["list","string"],"description_kind":"plain","optional":true},"python_file":{"type":"string","description_kind":"plain","required":true}},"description_kind":"plain"},"max_items":1},"spark_submit_task":{"nesting_mode":"list","block":{"attributes":{"parameters":{"type":["list","string"],"description_kind":"plain","optional":true}},"description_kind":"plain"},"max_items":1}},"description_kind":"plain"}},"databricks_mws_credentials":{"version":0,"block":{"attributes":{"account_id":{"type":"string","description_kind":"plain","required":true,"sensitive":true},"creation_time":{"type":"number","description_kind":"plain","computed":true},"credentials_id":{"type":"string","description_kind":"plain","computed":true},"credentials_name":{"type":"string","description_kind":"plain","required":true},"external_id":{"type":"string","description_kind":"plain","computed":true},"id":{"type":"string","description_kind":"plain","optional":true,"computed":true},"role_arn":{"type":"string","description_kind":"plain","required":true}},"description_kind":"plain"}},"databricks_mws_networks":{"version":0,"block":{"attributes":{"account_id":{"type":"string","description_kind":"plain","required":true,"sensitive":true},"creation_time":{"type":"number","description_kind":"plain","computed":true},"id":{"type":"string","description_kind":"plain","optional":true,"computed":true},"network_id":{"type":"string","description_kind":"plain","computed":true},"network_name":{"type":"string","description_kind":"plain","required":true},"security_group_ids":{"type":["set","string"],"description_kind":"plain","required":true},"subnet_ids":{"type":["set","string"],"description_kind":"plain","required":true},"vpc_id":{"type":"string","description_kind":"plain","required":true},"vpc_status":{"type":"string","description_kind":"plain","computed":true},"workspace_id":{"type":"number","description_kind":"plain","computed":true}},"block_types":{"error_messages":{"nesting_mode":"list","block":{"attributes":{"error_message":{"type":"string","description_kind":"plain","computed":true},"error_type":{"type":"string","description_kind":"plain","computed":true}},"description_kind":"plain"}}},"description_kind":"plain"}},"databricks_mws_storage_configurations":{"version":0,"block":{"attributes":{"account_id":{"type":"string","description_kind":"plain","required":true,"sensitive":true},"bucket_name":{"type":"string","description_kind":"plain","required":true},"creation_time":{"type":"number","description_kind":"plain","computed":true},"id":{"type":"string","description_kind":"plain","optional":true,"computed":true},"storage_configuration_id":{"type":"string","description_kind":"plain","computed":true},"storage_configuration_name":{"type":"string","description_kind":"plain","required":true}},"description_kind":"plain"}},"databricks_mws_workspaces":{"version":0,"block":{"attributes":{"account_id":{"type":"string","description_kind":"plain","required":true,"sensitive":true},"aws_region":{"type":"string","description_kind":"plain","required":true},"creation_time":{"type":"number","description_kind":"plain","computed":true},"credentials_id":{"type":"string","description_kind":"plain","required":true},"customer_managed_key_id":{"type":"string","description_kind":"plain","optional":true},"deployment_name":{"type":"string","description_kind":"plain","required":true},"id":{"type":"string","description_kind":"plain","optional":true,"computed":true},"is_no_public_ip_enabled":{"type":"bool","description_kind":"plain","optional":true},"network_error_messages":{"type":["list",["object",{"error_message":"string","error_type":"string"}]],"description_kind":"plain","computed":true},"network_id":{"type":"string","description_kind":"plain","optional":true},"storage_configuration_id":{"type":"string","description_kind":"plain","required":true},"verify_workspace_runnning":{"type":"bool","description_kind":"plain","required":true},"workspace_id":{"type":"number","description_kind":"plain","computed":true},"workspace_name":{"type":"string","description_kind":"plain","required":true},"workspace_status":{"type":"string","description_kind":"plain","computed":true},"workspace_status_message":{"type":"string","description_kind":"plain","computed":true},"workspace_url":{"type":"string","description_kind":"plain","computed":true}},"description_kind":"plain"}},"databricks_notebook":{"version":0,"block":{"attributes":{"content":{"type":"string","description_kind":"plain","required":true},"format":{"type":"string","description_kind":"plain","optional":true},"id":{"type":"string","description_kind":"plain","optional":true,"computed":true},"language":{"type":"string","description_kind":"plain","optional":true},"mkdirs":{"type":"bool","description_kind":"plain","optional":true},"object_id":{"type":"number","description_kind":"plain","computed":true},"object_type":{"type":"string","description_kind":"plain","computed":true},"overwrite":{"type":"bool","description_kind":"plain","optional":true},"path":{"type":"string","description_kind":"plain","required":true}},"description_kind":"plain"}},"databricks_permissions":{"version":0,"block":{"attributes":{"access_control":{"type":["list",["object",{"group_name":"string","permission_level":"string","user_name":"string"}]],"description_kind":"plain","required":true},"cluster_id":{"type":"string","description_kind":"plain","optional":true},"cluster_policy_id":{"type":"string","description_kind":"plain","optional":true},"directory_id":{"type":"string","description_kind":"plain","optional":true},"directory_path":{"type":"string","description_kind":"plain","optional":true},"id":{"type":"string","description_kind":"plain","optional":true,"computed":true},"instance_pool_id":{"type":"string","description_kind":"plain","optional":true},"job_id":{"type":"string","description_kind":"plain","optional":true},"notebook_id":{"type":"string","description_kind":"plain","optional":true},"notebook_path":{"type":"string","description_kind":"plain","optional":true},"object_type":{"type":"string","description_kind":"plain","computed":true}},"description_kind":"plain"}},"databricks_scim_group":{"version":0,"block":{"attributes":{"display_name":{"type":"string","description_kind":"plain","required":true},"entitlements":{"type":["set","string"],"description_kind":"plain","optional":true},"id":{"type":"string","description_kind":"plain","optional":true,"computed":true},"inherited_roles":{"type":["set","string"],"description_kind":"plain","computed":true},"members":{"type":["set","string"],"description_kind":"plain","optional":true},"roles":{"type":["set","string"],"description_kind":"plain","optional":true}},"description_kind":"plain"}},"databricks_scim_user":{"version":0,"block":{"attributes":{"default_roles":{"type":["set","string"],"description_kind":"plain","required":true},"display_name":{"type":"string","description_kind":"plain","optional":true},"entitlements":{"type":["set","string"],"description_kind":"plain","optional":true},"id":{"type":"string","description_kind":"plain","optional":true,"computed":true},"inherited_roles":{"type":["set","string"],"description_kind":"plain","optional":true,"computed":true},"roles":{"type":["set","string"],"description_kind":"plain","optional":true},"set_admin":{"type":"bool","description_kind":"plain","optional":true},"user_name":{"type":"string","description_kind":"plain","required":true}},"description_kind":"plain"}},"databricks_secret":{"version":0,"block":{"attributes":{"id":{"type":"string","description_kind":"plain","optional":true,"computed":true},"key":{"type":"string","description_kind":"plain","required":true},"last_updated_timestamp":{"type":"number","description_kind":"plain","computed":true},"scope":{"type":"string","description_kind":"plain","required":true},"string_value":{"type":"string","description_kind":"plain","required":true,"sensitive":true}},"description_kind":"plain"}},"databricks_secret_acl":{"version":0,"block":{"attributes":{"id":{"type":"string","description_kind":"plain","optional":true,"computed":true},"permission":{"type":"string","description_kind":"plain","required":true},"principal":{"type":"string","description_kind":"plain","required":true},"scope":{"type":"string","description_kind":"plain","required":true}},"description_kind":"plain"}},"databricks_secret_scope":{"version":0,"block":{"attributes":{"backend_type":{"type":"string","description_kind":"plain","computed":true},"id":{"type":"string","description_kind":"plain","optional":true,"computed":true},"initial_manage_principal":{"type":"string","description_kind":"plain","optional":true},"name":{"type":"string","description_kind":"plain","required":true}},"description_kind":"plain"}},"databricks_token":{"version":0,"block":{"attributes":{"comment":{"type":"string","description_kind":"plain","optional":true},"creation_time":{"type":"number","description_kind":"plain","optional":true,"computed":true},"expiry_time":{"type":"number","description_kind":"plain","optional":true,"computed":true},"id":{"type":"string","description_kind":"plain","optional":true,"computed":true},"lifetime_seconds":{"type":"number","description_kind":"plain","optional":true},"token_value":{"type":"string","description_kind":"plain","computed":true,"sensitive":true}},"description_kind":"plain"}}},"data_source_schemas":{"databricks_aws_assume_role_policy":{"version":0,"block":{"attributes":{"databricks_account_id":{"type":"string","description_kind":"plain","optional":true},"external_id":{"type":"string","description_kind":"plain","required":true},"id":{"type":"string","description_kind":"plain","optional":true,"computed":true},"json":{"type":"string","description_kind":"plain","computed":true}},"description_kind":"plain"}},"databricks_aws_bucket_policy":{"version":0,"block":{"attributes":{"bucket":{"type":"string","description_kind":"plain","required":true},"databricks_account_id":{"type":"string","description_kind":"plain","optional":true},"full_access_role":{"type":"string","description_kind":"plain","optional":true},"id":{"type":"string","description_kind":"plain","optional":true,"computed":true},"json":{"type":"string","description_kind":"plain","computed":true}},"description_kind":"plain"}},"databricks_aws_crossaccount_policy":{"version":0,"block":{"attributes":{"id":{"type":"string","description_kind":"plain","optional":true,"computed":true},"json":{"type":"string","description_kind":"plain","computed":true},"pass_roles":{"type":["list","string"],"description_kind":"plain","optional":true}},"description_kind":"plain"}},"databricks_dbfs_file":{"version":0,"block":{"attributes":{"content":{"type":"string","description_kind":"plain","computed":true},"file_size":{"type":"number","description_kind":"plain","computed":true},"id":{"type":"string","description_kind":"plain","optional":true,"computed":true},"limit_file_size":{"type":"bool","description_kind":"plain","required":true},"path":{"type":"string","description_kind":"plain","required":true}},"description_kind":"plain"}},"databricks_dbfs_file_paths":{"version":0,"block":{"attributes":{"id":{"type":"string","description_kind":"plain","optional":true,"computed":true},"path":{"type":"string","description_kind":"plain","required":true},"path_list":{"type":["set",["object",{"file_size":"number","path":"string"}]],"description_kind":"plain","computed":true},"recursive":{"type":"bool","description_kind":"plain","required":true}},"description_kind":"plain"}},"databricks_default_user_roles":{"version":0,"block":{"attributes":{"default_username":{"type":"string","description_kind":"plain","required":true},"id":{"type":"string","description_kind":"plain","optional":true,"computed":true},"roles":{"type":["list","string"],"description_kind":"plain","computed":true}},"description_kind":"plain"}},"databricks_notebook":{"version":0,"block":{"attributes":{"content":{"type":"string","description_kind":"plain","computed":true},"format":{"type":"string","description_kind":"plain","required":true},"id":{"type":"string","description_kind":"plain","optional":true,"computed":true},"language":{"type":"string","description_kind":"plain","computed":true},"object_id":{"type":"number","description_kind":"plain","computed":true},"object_type":{"type":"string","description_kind":"plain","computed":true},"path":{"type":"string","description_kind":"plain","required":true}},"description_kind":"plain"}},"databricks_notebook_paths":{"version":0,"block":{"attributes":{"id":{"type":"string","description_kind":"plain","optional":true,"computed":true},"notebook_path_list":{"type":["set",["object",{"language":"string","path":"string"}]],"description_kind":"plain","computed":true},"path":{"type":"string","description_kind":"plain","required":true},"recursive":{"type":"bool","description_kind":"plain","required":true}},"description_kind":"plain"}},"databricks_zones":{"version":0,"block":{"attributes":{"default_zone":{"type":"string","description_kind":"plain","computed":true},"id":{"type":"string","description_kind":"plain","optional":true,"computed":true},"zones":{"type":["list","string"],"description_kind":"plain","computed":true}},"description_kind":"plain"}}}}}}
