{"format_version":"0.1","provider_schemas":{"registry.terraform.io/innovationnorway/azure-preview":{"provider":{"version":0,"block":{"attributes":{"client_id":{"type":"string","description_kind":"plain","optional":true},"client_secret":{"type":"string","description_kind":"plain","optional":true,"sensitive":true},"environment":{"type":"string","description_kind":"plain","optional":true},"subscription_id":{"type":"string","description_kind":"plain","optional":true},"tenant_id":{"type":"string","description_kind":"plain","optional":true}},"description_kind":"plain"}},"resource_schemas":{"azurepreview_budget":{"version":0,"block":{"attributes":{"amount":{"type":"number","description_kind":"plain","required":true},"category":{"type":"string","description_kind":"plain","required":true},"id":{"type":"string","description_kind":"plain","optional":true,"computed":true},"name":{"type":"string","description_kind":"plain","required":true},"scope":{"type":"string","description_kind":"plain","required":true},"time_grain":{"type":"string","description_kind":"plain","required":true}},"block_types":{"filters":{"nesting_mode":"list","block":{"attributes":{"meters":{"type":["list","string"],"description_kind":"plain","optional":true,"computed":true},"resource_groups":{"type":["list","string"],"description_kind":"plain","optional":true,"computed":true},"resources":{"type":["list","string"],"description_kind":"plain","optional":true,"computed":true}},"block_types":{"tag":{"nesting_mode":"set","block":{"attributes":{"name":{"type":"string","description_kind":"plain","required":true},"values":{"type":["list","string"],"description_kind":"plain","optional":true,"computed":true}},"description_kind":"plain"}}},"description_kind":"plain"},"max_items":1},"notification":{"nesting_mode":"set","block":{"attributes":{"contact_emails":{"type":["list","string"],"description_kind":"plain","optional":true,"computed":true},"contact_groups":{"type":["list","string"],"description_kind":"plain","optional":true,"computed":true},"contact_roles":{"type":["list","string"],"description_kind":"plain","optional":true,"computed":true},"enabled":{"type":"bool","description_kind":"plain","optional":true,"computed":true},"name":{"type":"string","description_kind":"plain","required":true},"operator":{"type":"string","description_kind":"plain","required":true},"threshold":{"type":"number","description_kind":"plain","required":true}},"description_kind":"plain"},"max_items":5},"time_period":{"nesting_mode":"list","block":{"attributes":{"end_date":{"type":"string","description_kind":"plain","required":true},"start_date":{"type":"string","description_kind":"plain","required":true}},"description_kind":"plain"},"min_items":1,"max_items":1}},"description_kind":"plain"}},"azurepreview_subscription":{"version":0,"block":{"attributes":{"additional_parameters":{"type":["map","string"],"description_kind":"plain","optional":true},"enrollment_account":{"type":"string","description_kind":"plain","required":true},"id":{"type":"string","description_kind":"plain","optional":true,"computed":true},"name":{"type":"string","description_kind":"plain","optional":true,"computed":true},"offer_type":{"type":"string","description_kind":"plain","required":true},"owners":{"type":["list","string"],"description_kind":"plain","optional":true},"subscription_id":{"type":"string","description_kind":"plain","computed":true},"tenant_id":{"type":"string","description_kind":"plain","computed":true}},"description_kind":"plain"}}}}}}
