{"format_version":"0.1","provider_schemas":{"registry.terraform.io/mumoshu/helmfile":{"provider":{"version":0,"block":{"attributes":{"max_diff_output_len":{"type":"number","description_kind":"plain","optional":true}},"description_kind":"plain"}},"resource_schemas":{"helmfile_embedding_example":{"version":0,"block":{"attributes":{"id":{"type":"string","description_kind":"plain","optional":true,"computed":true}},"block_types":{"embedded":{"nesting_mode":"list","block":{"attributes":{"apply_output":{"type":"string","description_kind":"plain","computed":true},"binary":{"type":"string","description_kind":"plain","optional":true},"concurrency":{"type":"number","description_kind":"plain","optional":true},"content":{"type":"string","description_kind":"plain","optional":true},"diff_output":{"type":"string","description_kind":"plain","computed":true},"dirty":{"type":"bool","description_kind":"plain","optional":true},"environment":{"type":"string","description_kind":"plain","optional":true},"environment_variables":{"type":["map","string"],"description_kind":"plain","optional":true},"error":{"type":"string","description_kind":"plain","computed":true},"helm_binary":{"type":"string","description_kind":"plain","optional":true},"helm_diff_version":{"type":"string","description_kind":"plain","optional":true},"helm_version":{"type":"string","description_kind":"plain","optional":true},"kubeconfig":{"type":"string","description_kind":"plain","optional":true},"path":{"type":"string","description_kind":"plain","optional":true},"releases_values":{"type":["map","string"],"description_kind":"plain","optional":true},"selector":{"type":["map","string"],"description_kind":"plain","optional":true},"values":{"type":["list","string"],"description_kind":"plain","optional":true},"values_files":{"type":["list","string"],"description_kind":"plain","optional":true},"version":{"type":"string","description_kind":"plain","optional":true},"working_directory":{"type":"string","description_kind":"plain","optional":true}},"description_kind":"plain"}}},"description_kind":"plain"}},"helmfile_release":{"version":0,"block":{"attributes":{"apply_output":{"type":"string","description_kind":"plain","computed":true},"atomic":{"type":"bool","description_kind":"plain","optional":true},"binary":{"type":"string","description_kind":"plain","optional":true},"chart":{"type":"string","description_kind":"plain","required":true},"cleanup_on_fail":{"type":"bool","description_kind":"plain","optional":true},"diff_output":{"type":"string","description_kind":"plain","computed":true},"dirty":{"type":"bool","description_kind":"plain","optional":true},"error":{"type":"string","description_kind":"plain","computed":true},"force":{"type":"bool","description_kind":"plain","optional":true},"helm_binary":{"type":"string","description_kind":"plain","optional":true},"helm_version":{"type":"string","description_kind":"plain","optional":true},"id":{"type":"string","description_kind":"plain","optional":true,"computed":true},"kubeconfig":{"type":"string","description_kind":"plain","optional":true},"kubecontext":{"type":"string","description_kind":"plain","optional":true},"name":{"type":"string","description_kind":"plain","optional":true},"namespace":{"type":"string","description_kind":"plain","optional":true},"timeout":{"type":"number","description_kind":"plain","optional":true},"values":{"type":["list","string"],"description_kind":"plain","optional":true},"verify":{"type":"bool","description_kind":"plain","optional":true},"version":{"type":"string","description_kind":"plain","optional":true},"wait":{"type":"bool","description_kind":"plain","optional":true},"working_directory":{"type":"string","description_kind":"plain","optional":true}},"description_kind":"plain"}},"helmfile_release_set":{"version":0,"block":{"attributes":{"apply_output":{"type":"string","description_kind":"plain","computed":true},"binary":{"type":"string","description_kind":"plain","optional":true},"concurrency":{"type":"number","description_kind":"plain","optional":true},"content":{"type":"string","description_kind":"plain","optional":true},"diff_output":{"type":"string","description_kind":"plain","computed":true},"dirty":{"type":"bool","description_kind":"plain","optional":true},"environment":{"type":"string","description_kind":"plain","optional":true},"environment_variables":{"type":["map","string"],"description_kind":"plain","optional":true},"error":{"type":"string","description_kind":"plain","computed":true},"helm_binary":{"type":"string","description_kind":"plain","optional":true},"helm_diff_version":{"type":"string","description_kind":"plain","optional":true},"helm_version":{"type":"string","description_kind":"plain","optional":true},"id":{"type":"string","description_kind":"plain","optional":true,"computed":true},"kubeconfig":{"type":"string","description_kind":"plain","optional":true},"path":{"type":"string","description_kind":"plain","optional":true},"releases_values":{"type":["map","string"],"description_kind":"plain","optional":true},"selector":{"type":["map","string"],"description_kind":"plain","optional":true},"values":{"type":["list","string"],"description_kind":"plain","optional":true},"values_files":{"type":["list","string"],"description_kind":"plain","optional":true},"version":{"type":"string","description_kind":"plain","optional":true},"working_directory":{"type":"string","description_kind":"plain","optional":true}},"description_kind":"plain"}}}}}}
