{"format_version":"0.1","provider_schemas":{"registry.terraform.io/secrethub/secrethub":{"provider":{"version":0,"block":{"attributes":{"credential":{"type":"string","description":"Credential to use for SecretHub authentication. Can also be sourced from SECRETHUB_CREDENTIAL.","description_kind":"plain","optional":true},"credential_passphrase":{"type":"string","description":"Passphrase to unlock the authentication passed in `credential`. Can also be sourced from SECRETHUB_CREDENTIAL_PASSPHRASE.","description_kind":"plain","optional":true}},"description_kind":"plain"}},"resource_schemas":{"secrethub_access_rule":{"version":0,"block":{"attributes":{"account_name":{"type":"string","description":"The name of the account (username or service ID) for which the permission holds.","description_kind":"plain","required":true},"dir":{"type":"string","description":"The path of the directory on which the permission holds.","description_kind":"plain","required":true},"id":{"type":"string","description_kind":"plain","optional":true,"computed":true},"permission":{"type":"string","description":"The permission that the account has on the given directory: read, write or admin","description_kind":"plain","required":true}},"description_kind":"plain"}},"secrethub_secret":{"version":0,"block":{"attributes":{"id":{"type":"string","description_kind":"plain","optional":true,"computed":true},"path":{"type":"string","description":"The path where the secret will be stored.","description_kind":"plain","required":true},"value":{"type":"string","description":"The secret contents. Either `value` or `generate` must be defined.","description_kind":"plain","optional":true,"computed":true,"sensitive":true},"version":{"type":"number","description":"The version of the secret.","description_kind":"plain","computed":true}},"block_types":{"generate":{"nesting_mode":"list","block":{"attributes":{"charsets":{"type":["set","string"],"description":"Define the set of characters to randomly generate a password from. Options are all, alphanumeric, numeric, lowercase, uppercase, letters, symbols and human-readable.","description_kind":"plain","optional":true},"length":{"type":"number","description":"The length of the secret to generate.","description_kind":"plain","required":true},"min":{"type":["map","number"],"description":"Ensure that the generated secret contains at least n characters from the given character set. Note that adding constraints reduces the strength of the secret.","description_kind":"plain","optional":true},"use_symbols":{"type":"bool","description":"Whether the secret should contain symbols.","description_kind":"plain","optional":true}},"description_kind":"plain"},"max_items":1}},"description_kind":"plain"}},"secrethub_service":{"version":0,"block":{"attributes":{"credential":{"type":"string","description":"The credential of the service account.","description_kind":"plain","computed":true,"sensitive":true},"description":{"type":"string","description":"A description of the service so others will recognize it.","description_kind":"plain","optional":true},"id":{"type":"string","description_kind":"plain","optional":true,"computed":true},"repo":{"type":"string","description":"The path of the repository on which the service operates.","description_kind":"plain","required":true}},"description_kind":"plain"}},"secrethub_service_aws":{"version":0,"block":{"attributes":{"description":{"type":"string","description":"A description of the service so others will recognize it.","description_kind":"plain","optional":true},"id":{"type":"string","description_kind":"plain","optional":true,"computed":true},"kms_key_arn":{"type":"string","description":"The ARN of the KMS key to use to encrypt and decrypt your SecretHub key material.","description_kind":"plain","required":true},"repo":{"type":"string","description":"The path of the repository on which the service operates.","description_kind":"plain","required":true},"role":{"type":"string","description":"The role name or ARN of the IAM role that should have access to this service account.","description_kind":"plain","required":true}},"description_kind":"plain"}},"secrethub_service_gcp":{"version":0,"block":{"attributes":{"description":{"type":"string","description":"A description of the service so others will recognize it.","description_kind":"plain","optional":true},"id":{"type":"string","description_kind":"plain","optional":true,"computed":true},"kms_key_id":{"type":"string","description":"The Resource ID of the Cloud KMS key to use to encrypt and decrypt your SecretHub key material.","description_kind":"plain","required":true},"repo":{"type":"string","description":"The path of the repository on which the service operates.","description_kind":"plain","required":true},"service_account_email":{"type":"string","description":"The email of the Google Service Account that provides the identity of the SecretHub service account.","description_kind":"plain","required":true}},"description_kind":"plain"}}},"data_source_schemas":{"secrethub_secret":{"version":0,"block":{"attributes":{"id":{"type":"string","description_kind":"plain","optional":true,"computed":true},"path":{"type":"string","description":"The path where the secret is stored. To use a specific version, append the version number to the path, separated by a colon (path:version). Defaults to the latest version.","description_kind":"plain","required":true},"value":{"type":"string","description":"The secret contents.","description_kind":"plain","computed":true,"sensitive":true},"version":{"type":"number","description":"The version of the secret.","description_kind":"plain","computed":true}},"description_kind":"plain"}}}}}}
