{"format_version":"0.1","provider_schemas":{"registry.terraform.io/aviatrixsystems/aviatrix":{"provider":{"version":0,"block":{"attributes":{"controller_ip":{"type":"string","description_kind":"plain","required":true},"password":{"type":"string","description_kind":"plain","required":true},"skip_version_validation":{"type":"bool","description_kind":"plain","optional":true},"username":{"type":"string","description_kind":"plain","required":true}},"description_kind":"plain"}},"resource_schemas":{"aviatrix_account":{"version":0,"block":{"attributes":{"account_name":{"type":"string","description":"Account name. This can be used for logging in to CloudN console or UserConnect controller.","description_kind":"plain","required":true},"arm_application_id":{"type":"string","description":"Azure Application ID.","description_kind":"plain","optional":true,"sensitive":true},"arm_application_key":{"type":"string","description":"Azure Application Key.","description_kind":"plain","optional":true,"sensitive":true},"arm_directory_id":{"type":"string","description":"Azure Directory ID.","description_kind":"plain","optional":true,"sensitive":true},"arm_subscription_id":{"type":"string","description":"Azure Subscription ID.","description_kind":"plain","optional":true},"aws_access_key":{"type":"string","description":"AWS Access Key.","description_kind":"plain","optional":true},"aws_account_number":{"type":"string","description":"AWS Account number to associate with Aviatrix account. Should be 12 digits.","description_kind":"plain","optional":true},"aws_iam":{"type":"bool","description":"AWS IAM-role based flag.","description_kind":"plain","optional":true},"aws_role_app":{"type":"string","description":"AWS App role ARN.","description_kind":"plain","optional":true},"aws_role_ec2":{"type":"string","description":"AWS EC2 role ARN.","description_kind":"plain","optional":true},"aws_secret_key":{"type":"string","description":"AWS Secret Key.","description_kind":"plain","optional":true,"sensitive":true},"awsgov_access_key":{"type":"string","description":"AWS Gov Access Key.","description_kind":"plain","optional":true},"awsgov_account_number":{"type":"string","description":"AWS Gov Account number to associate with Aviatrix account.","description_kind":"plain","optional":true},"awsgov_secret_key":{"type":"string","description":"AWS Gov Secret Key.","description_kind":"plain","optional":true,"sensitive":true},"cloud_type":{"type":"number","description":"Type of cloud service provider.","description_kind":"plain","required":true},"gcloud_project_credentials_filepath":{"type":"string","description":"GCloud Project credentials local file path.","description_kind":"plain","optional":true},"gcloud_project_id":{"type":"string","description":"GCloud Project ID.","description_kind":"plain","optional":true},"id":{"type":"string","description_kind":"plain","optional":true,"computed":true},"oci_api_private_key_filepath":{"type":"string","description":"OCI API Private Key local file path.","description_kind":"plain","optional":true,"sensitive":true},"oci_compartment_id":{"type":"string","description":"OCI Compartment OCID.","description_kind":"plain","optional":true,"sensitive":true},"oci_tenancy_id":{"type":"string","description":"OCI Tenancy OCID.","description_kind":"plain","optional":true,"sensitive":true},"oci_user_id":{"type":"string","description":"OCI User OCID.","description_kind":"plain","optional":true,"sensitive":true}},"description_kind":"plain"}},"aviatrix_account_user":{"version":0,"block":{"attributes":{"email":{"type":"string","description":"Email of address of account user to be created.","description_kind":"plain","required":true},"id":{"type":"string","description_kind":"plain","optional":true,"computed":true},"password":{"type":"string","description":"Login password for the account user to be created.","description_kind":"plain","required":true,"sensitive":true},"username":{"type":"string","description":"Name of account user to be created. It can only include alphanumeric characters(lower case only), hyphens, dots or underscores. 1 to 80 in length. No spaces are allowed.","description_kind":"plain","required":true}},"description_kind":"plain"}},"aviatrix_arm_peer":{"version":0,"block":{"attributes":{"account_name1":{"type":"string","description":"This parameter represents the name of an Azure Cloud-Account in Aviatrix controller.","description_kind":"plain","required":true},"account_name2":{"type":"string","description":"This parameter represents the name of an Azure Cloud-Account in Aviatrix controller.","description_kind":"plain","required":true},"id":{"type":"string","description_kind":"plain","optional":true,"computed":true},"vnet_cidr1":{"type":["list","string"],"description":"List of VNet CIDR of vnet_name_resource_group1.","description_kind":"plain","computed":true},"vnet_cidr2":{"type":["list","string"],"description":"List of VNet CIDR of vnet_name_resource_group2.","description_kind":"plain","computed":true},"vnet_name_resource_group1":{"type":"string","description":"VNet-Name of Azure cloud.","description_kind":"plain","required":true},"vnet_name_resource_group2":{"type":"string","description":"VNet-Name of Azure cloud.","description_kind":"plain","required":true},"vnet_reg1":{"type":"string","description":"Region of Azure cloud.","description_kind":"plain","required":true},"vnet_reg2":{"type":"string","description":"Region of Azure cloud.","description_kind":"plain","required":true}},"description_kind":"plain"}},"aviatrix_aws_peer":{"version":0,"block":{"attributes":{"account_name1":{"type":"string","description":"This parameter represents the name of an AWS Cloud-Account in Aviatrix controller.","description_kind":"plain","required":true},"account_name2":{"type":"string","description":"This parameter represents the name of an AWS Cloud-Account in Aviatrix controller.","description_kind":"plain","required":true},"id":{"type":"string","description_kind":"plain","optional":true,"computed":true},"rtb_list1":{"type":["list","string"],"description":"List of Route table ID.","description_kind":"plain","optional":true},"rtb_list1_output":{"type":["list","string"],"description":"List of route table ID of vpc_id1.","description_kind":"plain","computed":true},"rtb_list2":{"type":["list","string"],"description":"List of Route table ID.","description_kind":"plain","optional":true},"rtb_list2_output":{"type":["list","string"],"description":"List of route table ID of vpc_id2.","description_kind":"plain","computed":true},"vpc_id1":{"type":"string","description":"VPC-ID of AWS cloud.","description_kind":"plain","required":true},"vpc_id2":{"type":"string","description":"VPC-ID of AWS cloud.","description_kind":"plain","required":true},"vpc_reg1":{"type":"string","description":"Region of AWS cloud.","description_kind":"plain","required":true},"vpc_reg2":{"type":"string","description":"Region of AWS cloud.","description_kind":"plain","required":true}},"description_kind":"plain"}},"aviatrix_aws_tgw":{"version":1,"block":{"attributes":{"account_name":{"type":"string","description":"This parameter represents the name of a Cloud-Account in Aviatrix controller.","description_kind":"plain","required":true},"attached_aviatrix_transit_gateway":{"type":["list","string"],"description":"A list of Names of Aviatrix Transit Gateway to attach to one of the three default domains.","description_kind":"plain","optional":true},"aws_side_as_number":{"type":"string","description":"BGP Local ASN (Autonomous System Number), Integer between 1-4294967294.","description_kind":"plain","required":true},"cloud_type":{"type":"number","description":"Type of cloud service provider, requires an integer value. Supported for AWS (1) and AWS GOV (256). Default value: 1.","description_kind":"plain","optional":true},"id":{"type":"string","description_kind":"plain","optional":true,"computed":true},"manage_transit_gateway_attachment":{"type":"bool","description":"This parameter is a switch used to determine whether or not to manage transit gateway attachments to the TGW using the aviatrix_aws_tgw resource. If this is set to false, attachment of transit gateways must be done using the aviatrix_aws_tgw_transit_gateway_attachment resource. Valid values: true, false. Default value: true.","description_kind":"plain","optional":true},"manage_vpc_attachment":{"type":"bool","description":"This parameter is a switch used to determine whether or not to manage VPC attachments to the TGW using the aviatrix_aws_tgw resource. If this is set to false, attachment of VPCs must be done using the aviatrix_aws_tgw_vpc_attachment resource. Valid values: true, false. Default value: true.","description_kind":"plain","optional":true},"region":{"type":"string","description":"Region of cloud provider.","description_kind":"plain","required":true},"tgw_name":{"type":"string","description":"Name of the AWS TGW which is going to be created.","description_kind":"plain","required":true}},"block_types":{"security_domains":{"nesting_mode":"list","block":{"attributes":{"aviatrix_firewall":{"type":"bool","description":"Set to true if the security domain is an aviatrix firewall domain.","description_kind":"plain","optional":true},"connected_domains":{"type":["list","string"],"description":"A list of domains connected to the domain.","description_kind":"plain","optional":true},"native_egress":{"type":"bool","description":"Set to true if the security domain is a native egress domain.","description_kind":"plain","optional":true},"native_firewall":{"type":"bool","description":"Set to true if the security domain is a native firewall domain.","description_kind":"plain","optional":true},"security_domain_name":{"type":"string","description":"Name of the security domain created.","description_kind":"plain","required":true}},"block_types":{"attached_vpc":{"nesting_mode":"list","block":{"attributes":{"customized_route_advertisement":{"type":"string","description":"Advanced option. Customized route(s) to be advertised to other VPCs that are connected to the same TGW.","description_kind":"plain","optional":true},"customized_routes":{"type":"string","description":"Advanced option. Customized Spoke VPC Routes. It allows the admin to enter non-RFC1918 routes in the VPC route table targeting the TGW.","description_kind":"plain","optional":true},"disable_local_route_propagation":{"type":"bool","description":"Advanced option. If set to true, it disables automatic route propagation of this VPC to other VPCs within the same security domain.","description_kind":"plain","optional":true},"route_tables":{"type":"string","description":"Advanced option. Route tables separated by ',' to participate in TGW Orchestrator, i.e., learned routes will be propagated to these route tables.","description_kind":"plain","optional":true},"subnets":{"type":"string","description":"Advanced option. VPC subnets separated by ',' to attach to the VPC. If left blank, Aviatrix Controller automatically selects a subnet representing each AZ for the VPC attachment.","description_kind":"plain","optional":true},"vpc_account_name":{"type":"string","description":"The name of a Cloud-Account in Aviatrix controller associated with this VPC.","description_kind":"plain","required":true},"vpc_id":{"type":"string","description":"This parameter represents the ID of the VPC.","description_kind":"plain","required":true},"vpc_region":{"type":"string","description":"Region of the vpc.","description_kind":"plain","required":true}},"description":"A list of VPCs attached to the domain.","description_kind":"plain"}}},"description":"Security Domains to create together with AWS TGW's creation.","description_kind":"plain"},"min_items":1}},"description_kind":"plain"}},"aviatrix_aws_tgw_directconnect":{"version":0,"block":{"attributes":{"allowed_prefix":{"type":"string","description":"Public IP address. Example: '40.0.0.0'.","description_kind":"plain","required":true},"directconnect_account_name":{"type":"string","description":"This parameter represents the name of an Account in Aviatrix controller.","description_kind":"plain","required":true},"dx_gateway_id":{"type":"string","description":"This parameter represents the name of a Direct Connect Gateway ID.","description_kind":"plain","required":true},"enable_learned_cidrs_approval":{"type":"bool","description":"Switch to enable/disable encrypted transit approval for direct connection. Valid values: true, false.","description_kind":"plain","optional":true},"id":{"type":"string","description_kind":"plain","optional":true,"computed":true},"security_domain_name":{"type":"string","description":"The name of an Aviatrix security domain, to which the direct connect gateway will be attached.","description_kind":"plain","required":true},"tgw_name":{"type":"string","description":"This parameter represents the name of an AWS TGW.","description_kind":"plain","required":true}},"description_kind":"plain"}},"aviatrix_aws_tgw_peering":{"version":0,"block":{"attributes":{"id":{"type":"string","description_kind":"plain","optional":true,"computed":true},"tgw_name1":{"type":"string","description":"Name of the first AWS tgw to make a peer pair.","description_kind":"plain","required":true},"tgw_name2":{"type":"string","description":"Name of the second AWS tgw to make a peer pair.","description_kind":"plain","required":true}},"description_kind":"plain"}},"aviatrix_aws_tgw_peering_domain_conn":{"version":0,"block":{"attributes":{"domain_name1":{"type":"string","description":"The name of the source domain to make a connection.","description_kind":"plain","required":true},"domain_name2":{"type":"string","description":"The name of the destination domain to make a connection.","description_kind":"plain","required":true},"id":{"type":"string","description_kind":"plain","optional":true,"computed":true},"tgw_name1":{"type":"string","description":"The AWS tgw name of the source domain to make a connection.","description_kind":"plain","required":true},"tgw_name2":{"type":"string","description":"The AWS tgw name of the destination domain to make a connection.","description_kind":"plain","required":true}},"description_kind":"plain"}},"aviatrix_aws_tgw_transit_gateway_attachment":{"version":0,"block":{"attributes":{"id":{"type":"string","description_kind":"plain","optional":true,"computed":true},"region":{"type":"string","description":"Region of cloud provider.","description_kind":"plain","required":true},"tgw_name":{"type":"string","description":"Name of the AWS TGW.","description_kind":"plain","required":true},"transit_gateway_name":{"type":"string","description":"Name of the transit gateway to be attached to tgw.","description_kind":"plain","required":true},"vpc_account_name":{"type":"string","description":"This parameter represents the name of a Cloud-Account in Aviatrix controller.","description_kind":"plain","required":true},"vpc_id":{"type":"string","description":"This parameter represents the ID of the VPC.","description_kind":"plain","required":true}},"description_kind":"plain"}},"aviatrix_aws_tgw_vpc_attachment":{"version":0,"block":{"attributes":{"customized_route_advertisement":{"type":"string","description":"Advanced option. Customized route(s) to be advertised to other VPCs that are connected to the same TGW.","description_kind":"plain","optional":true},"customized_routes":{"type":"string","description":"Advanced option. Customized Spoke VPC Routes. It allows the admin to enter non-RFC1918 routes in the VPC route table targeting the TGW.","description_kind":"plain","optional":true},"disable_local_route_propagation":{"type":"bool","description":"Advanced option. If set to true, it disables automatic route propagation of this VPC to other VPCs within the same security domain.","description_kind":"plain","optional":true},"id":{"type":"string","description_kind":"plain","optional":true,"computed":true},"region":{"type":"string","description":"Region of cloud provider.","description_kind":"plain","required":true},"route_tables":{"type":"string","description":"Advanced option. Route tables separated by ',' to participate in TGW Orchestrator, i.e., learned routes will be propagated to these route tables.","description_kind":"plain","optional":true,"computed":true},"security_domain_name":{"type":"string","description":"The name of the security domain.","description_kind":"plain","required":true},"subnets":{"type":"string","description":"Advanced option. VPC subnets separated by ',' to attach to the VPC. If left blank, Aviatrix Controller automatically selects a subnet representing each AZ for the VPC attachment.","description_kind":"plain","optional":true,"computed":true},"tgw_name":{"type":"string","description":"Name of the AWS TGW.","description_kind":"plain","required":true},"vpc_account_name":{"type":"string","description":"This parameter represents the name of a Cloud-Account in Aviatrix controller.","description_kind":"plain","required":true},"vpc_id":{"type":"string","description":"This parameter represents the ID of the VPC.","description_kind":"plain","required":true}},"description_kind":"plain"}},"aviatrix_aws_tgw_vpn_conn":{"version":0,"block":{"attributes":{"connection_name":{"type":"string","description":"Unique name of the connection.","description_kind":"plain","required":true},"connection_type":{"type":"string","description":"Connection type. Valid values: 'dynamic', 'static'. 'dynamic' stands for a BGP VPN connection; 'static' stands for a static VPN connection. Default value: 'dynamic'.","description_kind":"plain","optional":true},"enable_learned_cidrs_approval":{"type":"bool","description":"Switch to enable/disable encrypted transit approval for vpn connection. Valid values: true, false.","description_kind":"plain","optional":true},"id":{"type":"string","description_kind":"plain","optional":true,"computed":true},"inside_ip_cidr_tun_1":{"type":"string","description":"Inside IP CIDR for Tunnel 1. A /30 CIDR in 169.254.0.0/16.","description_kind":"plain","optional":true},"inside_ip_cidr_tun_2":{"type":"string","description":"Inside IP CIDR for Tunnel 2. A /30 CIDR in 169.254.0.0/16.","description_kind":"plain","optional":true},"pre_shared_key_tun_1":{"type":"string","description":"Pre-Shared Key for Tunnel 1. A 8-64 character string with alphanumeric, underscore(_) and dot(.). It cannot start with 0","description_kind":"plain","optional":true,"sensitive":true},"pre_shared_key_tun_2":{"type":"string","description":"Pre-Shared Key for Tunnel 2. A 8-64 character string with alphanumeric, underscore(_) and dot(.). It cannot start with 0","description_kind":"plain","optional":true,"sensitive":true},"public_ip":{"type":"string","description":"Public IP address. Example: '40.0.0.0'.","description_kind":"plain","required":true},"remote_as_number":{"type":"string","description":"AWS side as a number. Integer between 1-4294967294. Example: '12'. Required for a dynamic VPN connection.","description_kind":"plain","optional":true},"remote_cidr":{"type":"string","description":"Remote CIDRs joined as a string with ','. Required for a static VPN connection.","description_kind":"plain","optional":true},"route_domain_name":{"type":"string","description":"The name of a route domain, to which the vpn will be attached.","description_kind":"plain","required":true},"tgw_name":{"type":"string","description":"This parameter represents the name of an AWS TGW.","description_kind":"plain","required":true},"vpn_id":{"type":"string","description":"ID of the vpn connection.","description_kind":"plain","computed":true}},"description_kind":"plain"}},"aviatrix_azure_peer":{"version":0,"block":{"attributes":{"account_name1":{"type":"string","description":"This parameter represents the name of an Azure Cloud-Account in Aviatrix controller.","description_kind":"plain","required":true},"account_name2":{"type":"string","description":"This parameter represents the name of an Azure Cloud-Account in Aviatrix controller.","description_kind":"plain","required":true},"id":{"type":"string","description_kind":"plain","optional":true,"computed":true},"vnet_cidr1":{"type":["list","string"],"description":"List of VNet CIDR of vnet_name_resource_group1.","description_kind":"plain","computed":true},"vnet_cidr2":{"type":["list","string"],"description":"List of VNet CIDR of vnet_name_resource_group2.","description_kind":"plain","computed":true},"vnet_name_resource_group1":{"type":"string","description":"VNet-Name of Azure cloud.","description_kind":"plain","required":true},"vnet_name_resource_group2":{"type":"string","description":"VNet-Name of Azure cloud.","description_kind":"plain","required":true},"vnet_reg1":{"type":"string","description":"Region of Azure cloud.","description_kind":"plain","required":true},"vnet_reg2":{"type":"string","description":"Region of Azure cloud.","description_kind":"plain","required":true}},"description_kind":"plain"}},"aviatrix_azure_spoke_native_peering":{"version":0,"block":{"attributes":{"id":{"type":"string","description_kind":"plain","optional":true,"computed":true},"spoke_account_name":{"type":"string","description":"An Aviatrix account that corresponds to a subscription in Azure.","description_kind":"plain","required":true},"spoke_region":{"type":"string","description":"Spoke VNet region.","description_kind":"plain","required":true},"spoke_vpc_id":{"type":"string","description":"Combination of the Spoke VNet name and resource group.","description_kind":"plain","required":true},"transit_gateway_name":{"type":"string","description":"Name of an azure transit gateway with transit firenet enabled.","description_kind":"plain","required":true}},"description_kind":"plain"}},"aviatrix_controller_config":{"version":0,"block":{"attributes":{"backup_account_name":{"type":"string","description":"This parameter represents the name of a Cloud-Account in Aviatrix controller.","description_kind":"plain","optional":true},"backup_bucket_name":{"type":"string","description":"S3 Bucket Name for AWS.","description_kind":"plain","optional":true},"backup_cloud_type":{"type":"number","description":"Type of cloud service provider, requires an integer value. Use 1 for AWS.","description_kind":"plain","optional":true},"backup_configuration":{"type":"bool","description":"Switch to enable/disable controller cloudn backup config.","description_kind":"plain","optional":true},"enable_vpc_dns_server":{"type":"bool","description":"Enable VPC/VNET DNS Server.","description_kind":"plain","optional":true},"fqdn_exception_rule":{"type":"bool","description":"A system-wide mode. Default: true.","description_kind":"plain","optional":true},"http_access":{"type":"bool","description":"Switch for http access. Default: false.","description_kind":"plain","optional":true},"id":{"type":"string","description_kind":"plain","optional":true,"computed":true},"multiple_backups":{"type":"bool","description":"Switch to enable the controller to backup up to a maximum of 3 rotating backups.","description_kind":"plain","optional":true},"security_group_management":{"type":"bool","description":"Used to manage the Controller instance’s inbound rules from gateways.","description_kind":"plain","optional":true},"sg_management_account_name":{"type":"string","description":"Cloud account name of user.","description_kind":"plain","optional":true},"target_version":{"type":"string","description":"The release version number to which the controller will be upgraded to.","description_kind":"plain","optional":true},"version":{"type":"string","description":"Current version of the controller.","description_kind":"plain","computed":true}},"description_kind":"plain"}},"aviatrix_firenet":{"version":0,"block":{"attributes":{"egress_enabled":{"type":"bool","description":"Enable/Disable egress through firewall.","description_kind":"plain","optional":true},"id":{"type":"string","description_kind":"plain","optional":true,"computed":true},"inspection_enabled":{"type":"bool","description":"Enable/Disable traffic inspection.","description_kind":"plain","optional":true},"vpc_id":{"type":"string","description":"VPC ID.","description_kind":"plain","required":true}},"block_types":{"firewall_instance_association":{"nesting_mode":"list","block":{"attributes":{"attached":{"type":"bool","description":"Switch to attach/detach firewall instance to/from fireNet.","description_kind":"plain","optional":true},"egress_interface":{"type":"string","description":"Egress interface ID, required if it is a firewall instance.","description_kind":"plain","optional":true},"firenet_gw_name":{"type":"string","description":"Name of the gateway to launch the firewall instance.","description_kind":"plain","required":true},"firewall_name":{"type":"string","description":"Firewall instance name, or FQDN Gateway's gw_name, required if it is a firewall instance.","description_kind":"plain","optional":true},"instance_id":{"type":"string","description":"ID of Firewall instance, or FQDN Gateway's gw_name.","description_kind":"plain","required":true},"lan_interface":{"type":"string","description":"Lan interface ID, required if it is a firewall instance.","description_kind":"plain","optional":true},"management_interface":{"type":"string","description":"Management interface ID, required if it is a firewall instance.","description_kind":"plain","optional":true},"vendor_type":{"type":"string","description":"Indication it is a firewall instance or FQDN gateway to be associated to fireNet. Valid values: 'Generic', 'fqdn_gateway'. Value 'fqdn_gateway' is required for FQDN gateway.","description_kind":"plain","optional":true}},"description":"List of firewall instances to be associated with fireNet.","description_kind":"plain"}}},"description_kind":"plain"}},"aviatrix_firewall":{"version":0,"block":{"attributes":{"base_log_enabled":{"type":"bool","description":"Indicates whether enable logging or not. Valid values: true or false.","description_kind":"plain","optional":true},"base_policy":{"type":"string","description":"New base policy.","description_kind":"plain","optional":true},"gw_name":{"type":"string","description":"The name of gateway.","description_kind":"plain","required":true},"id":{"type":"string","description_kind":"plain","optional":true,"computed":true}},"block_types":{"policy":{"nesting_mode":"list","block":{"attributes":{"action":{"type":"string","description":"Valid values: 'allow', 'deny' or 'force-drop'(in stateful firewall rule to allow immediate packet dropping on established sessions).","description_kind":"plain","required":true},"description":{"type":"string","description":"Description of this firewall policy.","description_kind":"plain","optional":true},"dst_ip":{"type":"string","description":"CIDRs separated by comma or tag names such 'HR' or 'marketing' etc.","description_kind":"plain","required":true},"log_enabled":{"type":"bool","description":"Valid values: true or false.","description_kind":"plain","optional":true},"port":{"type":"string","description":"A single port or a range of port numbers.","description_kind":"plain","required":true},"protocol":{"type":"string","description":"'all', 'tcp', 'udp', 'icmp', 'sctp', 'rdp', 'dccp'.","description_kind":"plain","optional":true},"src_ip":{"type":"string","description":"CIDRs separated by comma or tag names such 'HR' or 'marketing' etc.","description_kind":"plain","required":true}},"description":"New access policy for the gateway.","description_kind":"plain"}}},"description_kind":"plain"}},"aviatrix_firewall_instance":{"version":0,"block":{"attributes":{"bootstrap_bucket_name":{"type":"string","description":"Bootstrap bucket name.","description_kind":"plain","optional":true},"egress_interface":{"type":"string","description":"ID of Egress Interface created.","description_kind":"plain","computed":true},"egress_subnet":{"type":"string","description":"Egress Interface Subnet.","description_kind":"plain","required":true},"firenet_gw_name":{"type":"string","description":"Name of the primary FireNet gateway.","description_kind":"plain","required":true},"firewall_image":{"type":"string","description":"One of the AWS AMIs from Palo Alto Networks.","description_kind":"plain","required":true},"firewall_image_version":{"type":"string","description":"Version of firewall image.","description_kind":"plain","optional":true,"computed":true},"firewall_name":{"type":"string","description":"Name of the firewall instance to be created.","description_kind":"plain","required":true},"firewall_size":{"type":"string","description":"Instance size of the firewall.","description_kind":"plain","required":true},"iam_role":{"type":"string","description":"IAM role.","description_kind":"plain","optional":true},"id":{"type":"string","description_kind":"plain","optional":true,"computed":true},"instance_id":{"type":"string","description":"ID of the firewall instance created.","description_kind":"plain","computed":true},"key_name":{"type":"string","description":"The .pem file name for SSH access to the firewall instance.","description_kind":"plain","optional":true},"lan_interface":{"type":"string","description":"ID of Lan Interface created.","description_kind":"plain","computed":true},"management_interface":{"type":"string","description":"ID of Management Interface created.","description_kind":"plain","computed":true},"management_subnet":{"type":"string","description":"Management Interface Subnet.","description_kind":"plain","required":true},"password":{"type":"string","description":"Applicable to Azure deployment only.","description_kind":"plain","optional":true,"sensitive":true},"public_ip":{"type":"string","description":"Management Public IP.","description_kind":"plain","computed":true},"username":{"type":"string","description":"Applicable to Azure deployment only. 'admin' as a username is not accepted.","description_kind":"plain","optional":true},"vpc_id":{"type":"string","description":"ID of the Security VPC.","description_kind":"plain","required":true}},"description_kind":"plain"}},"aviatrix_firewall_management_access":{"version":0,"block":{"attributes":{"id":{"type":"string","description_kind":"plain","optional":true,"computed":true},"management_access_resource_name":{"type":"string","description":"Name of the resource to be enabled firewall management access.","description_kind":"plain","required":true},"transit_firenet_gateway_name":{"type":"string","description":"Name of the transit firenet gateway.","description_kind":"plain","required":true}},"description_kind":"plain"}},"aviatrix_firewall_tag":{"version":0,"block":{"attributes":{"firewall_tag":{"type":"string","description":"This parameter represents the name of a Cloud-Account in Aviatrix controller.","description_kind":"plain","required":true},"id":{"type":"string","description_kind":"plain","optional":true,"computed":true}},"block_types":{"cidr_list":{"nesting_mode":"list","block":{"attributes":{"cidr":{"type":"string","description":"The CIDR attribute of a policy.","description_kind":"plain","required":true},"cidr_tag_name":{"type":"string","description":"The name attribute of a policy.","description_kind":"plain","required":true}},"description":"A JSON file with information of 'cidr_tag_name' and 'cidr'.","description_kind":"plain"}}},"description_kind":"plain"}},"aviatrix_fqdn":{"version":1,"block":{"attributes":{"fqdn_enabled":{"type":"bool","description":"FQDN Filter Tag Status. Valid values: true or false.","description_kind":"plain","optional":true},"fqdn_mode":{"type":"string","description":"Specify the tag color to be a white-list tag or black-list tag. 'white' or 'black'","description_kind":"plain","optional":true},"fqdn_tag":{"type":"string","description":"FQDN Filter Tag Name.","description_kind":"plain","required":true},"id":{"type":"string","description_kind":"plain","optional":true,"computed":true}},"block_types":{"domain_names":{"nesting_mode":"list","block":{"attributes":{"action":{"type":"string","description":"What action should happen to matching requests. Possible values are: 'Base Policy', 'Allow' or 'Deny'. Defaults to 'Base Policy' if no value is provided.","description_kind":"plain","optional":true},"fqdn":{"type":"string","description":"FQDN.","description_kind":"plain","required":true},"port":{"type":"string","description":"Port.","description_kind":"plain","required":true},"proto":{"type":"string","description":"Protocol.","description_kind":"plain","required":true}},"description":"A list of one or more domain names.","description_kind":"plain"}},"gw_filter_tag_list":{"nesting_mode":"list","block":{"attributes":{"gw_name":{"type":"string","description":"Name of the gateway to attach to the specific tag.","description_kind":"plain","required":true},"source_ip_list":{"type":["list","string"],"description":"List of source IPs in the VPC qualified for a specific tag.","description_kind":"plain","optional":true}},"description":"A list of gateways to attach to the specific tag.","description_kind":"plain"}}},"description_kind":"plain"}},"aviatrix_fqdn_pass_through":{"version":0,"block":{"attributes":{"gw_name":{"type":"string","description":"Gateway to apply FQDN pass-through rules to.","description_kind":"plain","required":true},"id":{"type":"string","description_kind":"plain","optional":true,"computed":true},"pass_through_cidrs":{"type":["set","string"],"description":"CIDRs to allow originating requests to ignore FQDN filtering rules.","description_kind":"plain","required":true}},"description_kind":"plain"}},"aviatrix_gateway":{"version":0,"block":{"attributes":{"account_name":{"type":"string","description":"Account name. This account will be used to launch Aviatrix gateway.","description_kind":"plain","required":true},"additional_cidrs":{"type":"string","description":"A list of destination CIDR ranges that will also go through the VPN tunnel when Split Tunnel Mode is enabled.","description_kind":"plain","optional":true},"additional_cidrs_designated_gateway":{"type":"string","description":"A list of CIDR ranges separated by comma to configure when 'designated_gateway' feature is enabled.","description_kind":"plain","optional":true},"allocate_new_eip":{"type":"bool","description":"When value is false, reuse an idle address in Elastic IP pool for this gateway. Otherwise, allocate a new Elastic IP and use it for this gateway.","description_kind":"plain","optional":true},"cloud_instance_id":{"type":"string","description":"Instance ID of the gateway.","description_kind":"plain","computed":true},"cloud_type":{"type":"number","description":"Type of cloud service provider.","description_kind":"plain","required":true},"customer_managed_keys":{"type":"string","description":"Customer managed key ID.","description_kind":"plain","optional":true,"sensitive":true},"duo_api_hostname":{"type":"string","description":"API hostname for DUO auth mode.","description_kind":"plain","optional":true},"duo_integration_key":{"type":"string","description":"Integration key for DUO auth mode.","description_kind":"plain","optional":true},"duo_push_mode":{"type":"string","description":"Push mode for DUO auth.","description_kind":"plain","optional":true},"duo_secret_key":{"type":"string","description":"Secret key for DUO auth mode.","description_kind":"plain","optional":true,"sensitive":true},"eip":{"type":"string","description":"Required when allocate_new_eip is false. It uses specified EIP for this gateway.","description_kind":"plain","optional":true,"computed":true},"elb_dns_name":{"type":"string","description":"ELB DNS Name.","description_kind":"plain","computed":true},"elb_name":{"type":"string","description":"A name for the ELB that is created.","description_kind":"plain","optional":true,"computed":true},"enable_designated_gateway":{"type":"bool","description":"Enable 'designated_gateway' feature for Gateway. Only supports AWS and AWSGOV. Valid values: true, false.","description_kind":"plain","optional":true},"enable_elb":{"type":"bool","description":"Specify whether to enable ELB or not.","description_kind":"plain","optional":true},"enable_encrypt_volume":{"type":"bool","description":"Enable encrypt gateway EBS volume. Only supported for AWS provider. Valid values: true, false. Default value: false.","description_kind":"plain","optional":true},"enable_ldap":{"type":"bool","description":"Specify whether to enable LDAP or not. Supported values: 'yes' and 'no'.","description_kind":"plain","optional":true},"enable_vpc_dns_server":{"type":"bool","description":"Enable vpc_dns_server for Gateway. Only supports AWS. Valid values: true, false.","description_kind":"plain","optional":true},"enable_vpn_nat":{"type":"bool","description":"This field indicates whether to enable VPN NAT or not. Only supported for VPN gateway. Valid values: true, false. Default value: true.","description_kind":"plain","optional":true},"gw_name":{"type":"string","description":"Aviatrix gateway unique name.","description_kind":"plain","required":true},"gw_size":{"type":"string","description":"Size of Gateway Instance.","description_kind":"plain","required":true},"id":{"type":"string","description_kind":"plain","optional":true,"computed":true},"insane_mode":{"type":"bool","description":"Enable Insane Mode for Gateway. Valid values: true, false.","description_kind":"plain","optional":true},"insane_mode_az":{"type":"string","description":"AZ of subnet being created for Insane Mode Gateway. Required if insane_mode is set.","description_kind":"plain","optional":true},"ldap_base_dn":{"type":"string","description":"LDAP base DN. Required: Yes if enable_ldap is 'yes'.","description_kind":"plain","optional":true},"ldap_bind_dn":{"type":"string","description":"LDAP bind DN. Required: Yes if enable_ldap is 'yes'.","description_kind":"plain","optional":true},"ldap_password":{"type":"string","description":"LDAP password. Required: Yes if enable_ldap is 'yes'.","description_kind":"plain","optional":true,"sensitive":true},"ldap_server":{"type":"string","description":"LDAP server address. Required: Yes if enable_ldap is 'yes'.","description_kind":"plain","optional":true},"ldap_username_attribute":{"type":"string","description":"LDAP user attribute. Required: Yes if enable_ldap is 'yes'.","description_kind":"plain","optional":true},"max_vpn_conn":{"type":"string","description":"Maximum connection of VPN access.","description_kind":"plain","optional":true},"name_servers":{"type":"string","description":"A list of DNS servers used to resolve domain names by a connected VPN user when Split Tunnel Mode is enabled.","description_kind":"plain","optional":true},"okta_token":{"type":"string","description":"Token for Okta auth mode.","description_kind":"plain","optional":true,"sensitive":true},"okta_url":{"type":"string","description":"URL for Okta auth mode.","description_kind":"plain","optional":true},"okta_username_suffix":{"type":"string","description":"Username suffix for Okta auth mode.","description_kind":"plain","optional":true},"otp_mode":{"type":"string","description":"Two step authentication mode.","description_kind":"plain","optional":true},"peering_ha_cloud_instance_id":{"type":"string","description":"Instance ID of the peering HA gateway.","description_kind":"plain","computed":true},"peering_ha_eip":{"type":"string","description":"Public IP address that you want assigned to the HA peering instance.","description_kind":"plain","optional":true,"computed":true},"peering_ha_gw_name":{"type":"string","description":"Aviatrix gateway unique name of HA gateway.","description_kind":"plain","computed":true},"peering_ha_gw_size":{"type":"string","description":"Peering HA Gateway Size.","description_kind":"plain","optional":true},"peering_ha_insane_mode_az":{"type":"string","description":"AZ of subnet being created for Insane Mode Peering HA Gateway. Required if insane_mode is set.","description_kind":"plain","optional":true},"peering_ha_private_ip":{"type":"string","description":"Private IP address of HA gateway.","description_kind":"plain","computed":true},"peering_ha_subnet":{"type":"string","description":"Public Subnet Information while creating Peering HA Gateway, only subnet is accepted. Required to create peering ha gateway if cloud_type = 1 or 8 (AWS or AZURE). Optional if cloud_type = 4 (GCP)","description_kind":"plain","optional":true},"peering_ha_zone":{"type":"string","description":"Zone information for creating Peering HA Gateway. Required to create peering ha gateway if cloud_type = 4 (GCP)","description_kind":"plain","optional":true},"private_ip":{"type":"string","description":"Private IP address of the Gateway created.","description_kind":"plain","computed":true},"public_dns_server":{"type":"string","description":"NS server used by the gateway.","description_kind":"plain","computed":true},"saml_enabled":{"type":"bool","description":"This field indicates whether to enable SAML or not.","description_kind":"plain","optional":true},"search_domains":{"type":"string","description":"A list of domain names that will use the NameServer when a specific name is not in the destination when Split Tunnel Mode is enabled.","description_kind":"plain","optional":true},"security_group_id":{"type":"string","description":"Security group used for the gateway.","description_kind":"plain","computed":true},"single_az_ha":{"type":"bool","description":"Set to true if this feature is desired.","description_kind":"plain","optional":true},"single_ip_snat":{"type":"bool","description":"Enable Source NAT for this container.","description_kind":"plain","optional":true},"split_tunnel":{"type":"bool","description":"Specify split tunnel mode.","description_kind":"plain","optional":true},"subnet":{"type":"string","description":"A VPC Network address range selected from one of the available network ranges.","description_kind":"plain","required":true},"tag_list":{"type":["list","string"],"description":"Instance tag of cloud provider.","description_kind":"plain","optional":true},"vpc_id":{"type":"string","description":"ID of legacy VPC/Vnet to be connected.","description_kind":"plain","required":true},"vpc_reg":{"type":"string","description":"Region where this gateway will be launched.","description_kind":"plain","required":true},"vpn_access":{"type":"bool","description":"Enable user access through VPN to this container.","description_kind":"plain","optional":true},"vpn_cidr":{"type":"string","description":"VPN CIDR block for the container.","description_kind":"plain","optional":true},"vpn_protocol":{"type":"string","description":"Elb protocol for VPN gateway with elb enabled. Only supports AWS provider. Valid values: 'TCP', 'UDP'. If not specified, 'TCP'' will be used.","description_kind":"plain","optional":true,"computed":true}},"description_kind":"plain"}},"aviatrix_gateway_dnat":{"version":0,"block":{"attributes":{"gw_name":{"type":"string","description":"Name of the gateway.","description_kind":"plain","required":true},"id":{"type":"string","description_kind":"plain","optional":true,"computed":true},"sync_to_ha":{"type":"bool","description":"Whether to sync the policies to the HA gateway.","description_kind":"plain","optional":true}},"block_types":{"dnat_policy":{"nesting_mode":"list","block":{"attributes":{"connection":{"type":"string","description":"None.","description_kind":"plain","optional":true},"dnat_ips":{"type":"string","description":"This is a rule field that specifies the translated destination IP address when all specified qualifier conditions meet. When left blank, this field is not used. One of the rule field must be specified for this rule to take effect.","description_kind":"plain","optional":true},"dnat_port":{"type":"string","description":"This is a rule field that specifies the translated destination port when all specified qualifier conditions meet. When left blank, this field is not used. One of the rule field must be specified for this rule to take effect.","description_kind":"plain","optional":true},"dst_cidr":{"type":"string","description":"This is a qualifier condition that specifies a destination IP address range where the rule applies. When left blank, this field is not used.","description_kind":"plain","optional":true},"dst_port":{"type":"string","description":"This is a qualifier condition that specifies a destination port where the rule applies. When left blank, this field is not used.","description_kind":"plain","optional":true},"exclude_rtb":{"type":"string","description":"This field specifies which VPC private route table will not be programmed with the default route entry.","description_kind":"plain","optional":true},"interface":{"type":"string","description":"This is a qualifier condition that specifies output interface where the rule applies. When left blank, this field is not used.","description_kind":"plain","optional":true},"mark":{"type":"string","description":"This is a rule field that specifies a tag or mark of a TCP session when all qualifier conditions meet. When left blank, this field is not used.","description_kind":"plain","optional":true},"protocol":{"type":"string","description":"This is a qualifier condition that specifies a destination port protocol where the rule applies. When left blank, this field is not used.","description_kind":"plain","optional":true},"src_cidr":{"type":"string","description":"This is a qualifier condition that specifies a source IP address range where the rule applies. When left blank, this field is not used.","description_kind":"plain","optional":true},"src_port":{"type":"string","description":"This is a qualifier condition that specifies a source port that the rule applies. When left blank, this field is not used.","description_kind":"plain","optional":true}},"description":"Policy rule to be applied to gateway.","description_kind":"plain"},"min_items":1}},"description_kind":"plain"}},"aviatrix_gateway_snat":{"version":0,"block":{"attributes":{"gw_name":{"type":"string","description":"Name of the gateway.","description_kind":"plain","required":true},"id":{"type":"string","description_kind":"plain","optional":true,"computed":true},"snat_mode":{"type":"string","description":"Nat mode. Currently only supports 'customized_snat'.","description_kind":"plain","optional":true},"sync_to_ha":{"type":"bool","description":"Whether to sync the policies to the HA gateway.","description_kind":"plain","optional":true}},"block_types":{"snat_policy":{"nesting_mode":"list","block":{"attributes":{"connection":{"type":"string","description":"None.","description_kind":"plain","optional":true},"dst_cidr":{"type":"string","description":"This is a qualifier condition that specifies a destination IP address range where the rule applies. When left blank, this field is not used.","description_kind":"plain","optional":true},"dst_port":{"type":"string","description":"This is a qualifier condition that specifies a destination port where the rule applies. When left blank, this field is not used.","description_kind":"plain","optional":true},"exclude_rtb":{"type":"string","description":"This field specifies which VPC private route table will not be programmed with the default route entry.","description_kind":"plain","optional":true},"interface":{"type":"string","description":"This is a qualifier condition that specifies output interface where the rule applies. When left blank, this field is not used. Default value: 'eth0'. Empty string is not a valid value.","description_kind":"plain","optional":true},"mark":{"type":"string","description":"This is a qualifier condition that specifies a tag or mark of a TCP session where the rule applies. When left blank, this field is not used.","description_kind":"plain","optional":true},"protocol":{"type":"string","description":"This is a qualifier condition that specifies a destination port protocol where the rule applies. When left blank, this field is not used.","description_kind":"plain","optional":true},"snat_ips":{"type":"string","description":"This is a rule field that specifies the changed source IP address when all specified qualifier conditions meet. When left blank, this field is not used. One of the rule fields must be specified for this rule to take effect.","description_kind":"plain","optional":true},"snat_port":{"type":"string","description":"This is a rule field that specifies the changed source port when all specified qualifier conditions meet. When left blank, this field is not used. One of the rule fields must be specified for this rule to take effect.","description_kind":"plain","optional":true},"src_cidr":{"type":"string","description":"This is a qualifier condition that specifies a source IP address range where the rule applies. When left blank, this field is not used.","description_kind":"plain","optional":true},"src_port":{"type":"string","description":"This is a qualifier condition that specifies a source port that the rule applies. When left blank, this field is not used.","description_kind":"plain","optional":true}},"description":"Policy rules applied for 'snat_mode'' of 'customized_snat'.'","description_kind":"plain"}}},"description_kind":"plain"}},"aviatrix_geo_vpn":{"version":0,"block":{"attributes":{"account_name":{"type":"string","description":"This parameter represents the name of a Cloud-Account in Aviatrix controller.","description_kind":"plain","required":true},"cloud_type":{"type":"number","description":"Type of cloud service provider, requires an integer value. Currently only AWS(1) is supported.","description_kind":"plain","required":true},"domain_name":{"type":"string","description":"The hosted domain name. It must be hosted by AWS Route53 or Azure DNS in the selected account.","description_kind":"plain","required":true},"elb_dns_names":{"type":["list","string"],"description":"List of ELB names to attach to this Geo VPN name.","description_kind":"plain","required":true},"id":{"type":"string","description_kind":"plain","optional":true,"computed":true},"service_name":{"type":"string","description":"The hostname that users will connect to. A DNS record will be created for this name in the specified domain name.","description_kind":"plain","required":true}},"description_kind":"plain"}},"aviatrix_periodic_ping":{"version":0,"block":{"attributes":{"gw_name":{"type":"string","description":"Name of gateway.","description_kind":"plain","required":true},"id":{"type":"string","description_kind":"plain","optional":true,"computed":true},"interval":{"type":"number","description":"Interval between pings in seconds.","description_kind":"plain","required":true},"ip_address":{"type":"string","description":"IP Address to ping.","description_kind":"plain","required":true}},"description_kind":"plain"}},"aviatrix_rbac_group":{"version":0,"block":{"attributes":{"group_name":{"type":"string","description":"RBAC permission group name.","description_kind":"plain","required":true},"id":{"type":"string","description_kind":"plain","optional":true,"computed":true}},"description_kind":"plain"}},"aviatrix_rbac_group_access_account_attachment":{"version":0,"block":{"attributes":{"access_account_name":{"type":"string","description":"Access account name.","description_kind":"plain","required":true},"group_name":{"type":"string","description":"RBAC permission group name.","description_kind":"plain","required":true},"id":{"type":"string","description_kind":"plain","optional":true,"computed":true}},"description_kind":"plain"}},"aviatrix_rbac_group_permission_attachment":{"version":0,"block":{"attributes":{"group_name":{"type":"string","description":"RBAC permission group name.","description_kind":"plain","required":true},"id":{"type":"string","description_kind":"plain","optional":true,"computed":true},"permission_name":{"type":"string","description":"Permission name.","description_kind":"plain","required":true}},"description_kind":"plain"}},"aviatrix_rbac_group_user_attachment":{"version":0,"block":{"attributes":{"group_name":{"type":"string","description":"RBAC permission group name.","description_kind":"plain","required":true},"id":{"type":"string","description_kind":"plain","optional":true,"computed":true},"user_name":{"type":"string","description":"Account user name.","description_kind":"plain","required":true}},"description_kind":"plain"}},"aviatrix_saml_endpoint":{"version":0,"block":{"attributes":{"access_set_by":{"type":"string","description":"Access type.","description_kind":"plain","optional":true},"controller_login":{"type":"bool","description":"Switch to differentiate if it is for controller login.","description_kind":"plain","optional":true},"custom_entity_id":{"type":"string","description":"Custom Entity ID. Required to be non-empty for 'Custom' Entity ID type, empty for 'Hostname'.","description_kind":"plain","optional":true},"custom_saml_request_template":{"type":"string","description":"Custom SAML Request Template.","description_kind":"plain","optional":true},"endpoint_name":{"type":"string","description":"SAML Endpoint Name.","description_kind":"plain","required":true},"id":{"type":"string","description_kind":"plain","optional":true,"computed":true},"idp_metadata":{"type":"string","description":"IDP Metadata.","description_kind":"plain","required":true},"idp_metadata_type":{"type":"string","description":"Type of IDP Metadata.","description_kind":"plain","required":true},"rbac_groups":{"type":["list","string"],"description":"List of RBAC groups.","description_kind":"plain","optional":true}},"description_kind":"plain"}},"aviatrix_site2cloud":{"version":1,"block":{"attributes":{"backup_gateway_name":{"type":"string","description":"Backup gateway name.","description_kind":"plain","optional":true},"backup_pre_shared_key":{"type":"string","description":"Backup Pre-Shared Key.","description_kind":"plain","optional":true,"sensitive":true},"backup_remote_gateway_ip":{"type":"string","description":"Backup remote remote gateway IP.","description_kind":"plain","optional":true},"backup_remote_gateway_latitude":{"type":"number","description":"Latitude of backup remote gateway.","description_kind":"plain","optional":true},"backup_remote_gateway_longitude":{"type":"number","description":"Longitude of backup remote gateway.","description_kind":"plain","optional":true},"connection_name":{"type":"string","description":"Site2Cloud Connection Name.","description_kind":"plain","required":true},"connection_type":{"type":"string","description":"Connection Type. Valid values: 'mapped' and 'unmapped'.","description_kind":"plain","required":true},"custom_algorithms":{"type":"bool","description":"Switch to enable custom/non-default algorithms for IPSec Authentication/Encryption.","description_kind":"plain","optional":true},"enable_active_active":{"type":"bool","description":"Switch to Enable/Disable active_active_ha for an existing site2cloud connection.","description_kind":"plain","optional":true},"enable_dead_peer_detection":{"type":"bool","description":"Switch to Enable/Disable Deed Peer Detection for an existing site2cloud connection.","description_kind":"plain","optional":true},"enable_ikev2":{"type":"bool","description":"Switch to enable IKEv2 for policy based site2cloud.","description_kind":"plain","optional":true},"ha_enabled":{"type":"bool","description":"Specify whether enabling HA or not.","description_kind":"plain","optional":true},"id":{"type":"string","description_kind":"plain","optional":true,"computed":true},"local_subnet_cidr":{"type":"string","description":"Local Subnet CIDR.","description_kind":"plain","optional":true,"computed":true},"local_subnet_virtual":{"type":"string","description":"Local Subnet CIDR (Virtual).","description_kind":"plain","optional":true},"phase_1_authentication":{"type":"string","description":"Phase one Authentication. Valid values: 'SHA-1', 'SHA-256', 'SHA-384' and 'SHA-512'.","description_kind":"plain","optional":true},"phase_1_dh_groups":{"type":"string","description":"Phase one DH Groups. Valid values: '1', '2', '5', '14', '15', '16', '17' and '18'.","description_kind":"plain","optional":true},"phase_1_encryption":{"type":"string","description":"Phase one Encryption. Valid values: '3DES', 'AES-128-CBC', 'AES-192-CBC' and 'AES-256-CBC'.","description_kind":"plain","optional":true},"phase_2_authentication":{"type":"string","description":"Phase two Authentication. Valid values: 'NO-AUTH', 'HMAC-SHA-1', 'HMAC-SHA-256', 'HMAC-SHA-384' and 'HMAC-SHA-512'.","description_kind":"plain","optional":true},"phase_2_dh_groups":{"type":"string","description":"Phase two DH Groups. Valid values: '1', '2', '5', '14', '15', '16', '17' and '18'.","description_kind":"plain","optional":true},"phase_2_encryption":{"type":"string","description":"Phase two Encryption. Valid values: '3DES', 'AES-128-CBC', 'AES-192-CBC', 'AES-256-CBC', 'AES-128-GCM-64', 'AES-128-GCM-96' and 'AES-128-GCM-128'.","description_kind":"plain","optional":true},"pre_shared_key":{"type":"string","description":"Pre-Shared Key.","description_kind":"plain","optional":true,"sensitive":true},"primary_cloud_gateway_name":{"type":"string","description":"Primary Cloud Gateway Name.","description_kind":"plain","required":true},"private_route_encryption":{"type":"bool","description":"Private route encryption switch.","description_kind":"plain","optional":true},"remote_gateway_ip":{"type":"string","description":"Remote Gateway IP.","description_kind":"plain","required":true},"remote_gateway_latitude":{"type":"number","description":"Latitude of remote gateway.","description_kind":"plain","optional":true},"remote_gateway_longitude":{"type":"number","description":"Longitude of remote gateway.","description_kind":"plain","optional":true},"remote_gateway_type":{"type":"string","description":"Remote gateway type. Valid values: 'generic', 'avx', 'aws', 'azure', 'sonicwall' and 'oracle'.","description_kind":"plain","required":true},"remote_subnet_cidr":{"type":"string","description":"Remote Subnet CIDR.","description_kind":"plain","required":true},"remote_subnet_virtual":{"type":"string","description":"Remote Subnet CIDR (Virtual).","description_kind":"plain","optional":true},"route_table_list":{"type":["list","string"],"description":"Route tables to modify.","description_kind":"plain","optional":true},"ssl_server_pool":{"type":"string","description":"Specify ssl_server_pool for tunnel_type 'tcp'. Default value is '192.168.44.0/24'","description_kind":"plain","optional":true},"tunnel_type":{"type":"string","description":"Site2Cloud Tunnel Type. Valid values: 'policy' and 'route'.","description_kind":"plain","required":true},"vpc_id":{"type":"string","description":"VPC Id of the cloud gateway.","description_kind":"plain","required":true}},"description_kind":"plain"}},"aviatrix_spoke_gateway":{"version":0,"block":{"attributes":{"account_name":{"type":"string","description":"This parameter represents the name of a Cloud-Account in Aviatrix controller.","description_kind":"plain","required":true},"allocate_new_eip":{"type":"bool","description":"If false, reuse an idle address in Elastic IP pool for this gateway. Otherwise, allocate a new Elastic IP and use it for this gateway.","description_kind":"plain","optional":true},"cloud_instance_id":{"type":"string","description":"Cloud instance ID.","description_kind":"plain","computed":true},"cloud_type":{"type":"number","description":"Type of cloud service provider.","description_kind":"plain","required":true},"customer_managed_keys":{"type":"string","description":"Customer managed key ID.","description_kind":"plain","optional":true,"sensitive":true},"customized_spoke_vpc_routes":{"type":"string","description":"A list of comma separated CIDRs to be customized for the spoke VPC routes. When configured, it will replace all learned routes in VPC routing tables, including RFC1918 and non-RFC1918 CIDRs. It applies to this spoke gateway only​.","description_kind":"plain","optional":true},"eip":{"type":"string","description":"Required when allocate_new_eip is false. It uses specified EIP for this gateway.","description_kind":"plain","optional":true,"computed":true},"enable_active_mesh":{"type":"bool","description":"Switch to Enable/Disable Active Mesh Mode for Spoke Gateway. Valid values: true, false.","description_kind":"plain","optional":true},"enable_encrypt_volume":{"type":"bool","description":"Enable encrypt gateway EBS volume. Only supported for AWS provider. Valid values: true, false. Default value: false.","description_kind":"plain","optional":true},"enable_vpc_dns_server":{"type":"bool","description":"Enable vpc_dns_server for Gateway. Only supports AWS. Valid values: true, false.","description_kind":"plain","optional":true},"filtered_spoke_vpc_routes":{"type":"string","description":"A list of comma separated CIDRs to be filtered from the spoke VPC route table. When configured, filtering CIDR(s) or it’s subnet will be deleted from VPC routing tables as well as from spoke gateway’s routing table. It applies to this spoke gateway only.","description_kind":"plain","optional":true},"gw_name":{"type":"string","description":"Name of the gateway which is going to be created.","description_kind":"plain","required":true},"gw_size":{"type":"string","description":"Size of the gateway instance.","description_kind":"plain","required":true},"ha_cloud_instance_id":{"type":"string","description":"Cloud instance ID of HA spoke gateway.","description_kind":"plain","computed":true},"ha_eip":{"type":"string","description":"Public IP address that you want assigned to the HA Spoke Gateway.","description_kind":"plain","optional":true,"computed":true},"ha_gw_name":{"type":"string","description":"Aviatrix spoke gateway unique name of HA spoke gateway.","description_kind":"plain","computed":true},"ha_gw_size":{"type":"string","description":"HA Gateway Size.","description_kind":"plain","optional":true},"ha_insane_mode_az":{"type":"string","description":"AZ of subnet being created for Insane Mode Spoke HA Gateway. Required if insane_mode is true and ha_subnet is set.","description_kind":"plain","optional":true},"ha_private_ip":{"type":"string","description":"Private IP address of the spoke gateway created.","description_kind":"plain","computed":true},"ha_subnet":{"type":"string","description":"HA Subnet. Required if enabling HA for AWS/AZURE. Optional if enabling HA for GCP.","description_kind":"plain","optional":true},"ha_zone":{"type":"string","description":"HA Zone. Required if enabling HA for GCP.","description_kind":"plain","optional":true},"id":{"type":"string","description_kind":"plain","optional":true,"computed":true},"included_advertised_spoke_routes":{"type":"string","description":"A list of comma separated CIDRs to be advertised to on-prem as 'Included CIDR List'. When configured, it will replace all advertised routes from this VPC.​","description_kind":"plain","optional":true},"insane_mode":{"type":"bool","description":"Enable Insane Mode for Spoke Gateway. Valid values: true, false. If insane mode is enabled, gateway size has to at least be c5 size.","description_kind":"plain","optional":true},"insane_mode_az":{"type":"string","description":"AZ of subnet being created for Insane Mode Spoke Gateway. Required if insane_mode is enabled for AWS cloud.","description_kind":"plain","optional":true},"private_ip":{"type":"string","description":"Private IP address of the spoke gateway created.","description_kind":"plain","computed":true},"security_group_id":{"type":"string","description":"Security group used for the spoke gateway.","description_kind":"plain","computed":true},"single_az_ha":{"type":"bool","description":"Set to 'enabled' if this feature is desired.","description_kind":"plain","optional":true},"single_ip_snat":{"type":"bool","description":"Specify whether to enable Source NAT feature in 'single_ip' mode on the gateway or not.","description_kind":"plain","optional":true},"subnet":{"type":"string","description":"Public Subnet Info.","description_kind":"plain","required":true},"tag_list":{"type":["list","string"],"description":"Instance tag of cloud provider.","description_kind":"plain","optional":true},"transit_gw":{"type":"string","description":"Specify the transit Gateways to attach to this spoke. Format is a comma-separated list of transit gateway names. For example, 'transit-gw1,transit-gw2'.","description_kind":"plain","optional":true},"vpc_id":{"type":"string","description":"VPC-ID/VNet-Name of cloud provider.","description_kind":"plain","required":true},"vpc_reg":{"type":"string","description":"Region of cloud provider.","description_kind":"plain","required":true}},"description_kind":"plain"}},"aviatrix_spoke_vpc":{"version":1,"block":{"attributes":{"account_name":{"type":"string","description":"This parameter represents the name of a Cloud-Account in Aviatrix controller.","description_kind":"plain","required":true},"cloud_instance_id":{"type":"string","description":"Cloud instance ID.","description_kind":"plain","computed":true},"cloud_type":{"type":"number","description":"Type of cloud service provider.","description_kind":"plain","required":true},"enable_nat":{"type":"string","description":"Specify whether enabling NAT feature on the gateway or not.","description_kind":"plain","optional":true},"gw_name":{"type":"string","description":"Name of the gateway which is going to be created.","description_kind":"plain","required":true},"ha_gw_size":{"type":"string","description":"HA Gateway Size.","description_kind":"plain","optional":true},"ha_subnet":{"type":"string","description":"HA Subnet. Required if enabling HA for AWS/AZURE.","description_kind":"plain","optional":true},"ha_zone":{"type":"string","description":"HA Zone. Required if enabling HA for GCP.","description_kind":"plain","optional":true},"id":{"type":"string","description_kind":"plain","optional":true,"computed":true},"single_az_ha":{"type":"string","description":"Set to 'enabled' if this feature is desired.","description_kind":"plain","optional":true},"subnet":{"type":"string","description":"Public Subnet Info.","description_kind":"plain","required":true},"tag_list":{"type":["list","string"],"description":"Instance tag of cloud provider.","description_kind":"plain","optional":true},"transit_gw":{"type":"string","description":"Specify the transit Gateway.","description_kind":"plain","optional":true},"vpc_id":{"type":"string","description":"VPC-ID/VNet-Name of cloud provider.","description_kind":"plain","required":true},"vpc_reg":{"type":"string","description":"Region of cloud provider.","description_kind":"plain","required":true},"vpc_size":{"type":"string","description":"Size of the gateway instance.","description_kind":"plain","required":true}},"description_kind":"plain"}},"aviatrix_trans_peer":{"version":0,"block":{"attributes":{"id":{"type":"string","description_kind":"plain","optional":true,"computed":true},"nexthop":{"type":"string","description":"Name of nexthop gateway.","description_kind":"plain","required":true},"reachable_cidr":{"type":"string","description":"Destination CIDR.","description_kind":"plain","required":true},"source":{"type":"string","description":"Name of Source gateway.","description_kind":"plain","required":true}},"description_kind":"plain"}},"aviatrix_transit_external_device_conn":{"version":0,"block":{"attributes":{"backup_bgp_remote_as_num":{"type":"string","description":"Backup BGP remote ASN (Autonomous System Number). Integer between 1-4294967294.","description_kind":"plain","optional":true},"backup_direct_connect":{"type":"bool","description":"Backup direct connect for backup external device.","description_kind":"plain","optional":true},"backup_local_tunnel_cidr":{"type":"string","description":"Source CIDR for the tunnel from the backup Aviatrix transit gateway.","description_kind":"plain","optional":true,"computed":true},"backup_pre_shared_key":{"type":"string","description":"Backup pre shared key.","description_kind":"plain","optional":true,"sensitive":true},"backup_remote_gateway_ip":{"type":"string","description":"Backup remote gateway IP.","description_kind":"plain","optional":true},"backup_remote_tunnel_cidr":{"type":"string","description":"Destination CIDR for the tunnel to the backup external device.","description_kind":"plain","optional":true,"computed":true},"bgp_local_as_num":{"type":"string","description":"BGP local ASN (Autonomous System Number). Integer between 1-4294967294.","description_kind":"plain","optional":true},"bgp_remote_as_num":{"type":"string","description":"BGP remote ASN (Autonomous System Number). Integer between 1-4294967294.","description_kind":"plain","optional":true},"connection_name":{"type":"string","description":"The name of the transit external device connection which is going to be created.","description_kind":"plain","required":true},"connection_type":{"type":"string","description":"Connection type. Valid values: 'bpg', 'static'. Default value: 'bgp'.","description_kind":"plain","optional":true},"custom_algorithms":{"type":"bool","description":"Switch to enable custom/non-default algorithms for IPSec Authentication/Encryption.","description_kind":"plain","optional":true},"direct_connect":{"type":"bool","description":"Set true for private network infrastructure.","description_kind":"plain","optional":true},"enable_edge_segmentation":{"type":"bool","description":"Switch to allow this connection to communicate with a Security Domain via Connection Policy.","description_kind":"plain","optional":true},"gw_name":{"type":"string","description":"Name of the Transit Gateway.","description_kind":"plain","required":true},"ha_enabled":{"type":"bool","description":"Set as true if there are two external devices.","description_kind":"plain","optional":true},"id":{"type":"string","description_kind":"plain","optional":true,"computed":true},"local_tunnel_cidr":{"type":"string","description":"Source CIDR for the tunnel from the Aviatrix transit gateway.","description_kind":"plain","optional":true,"computed":true},"phase_1_authentication":{"type":"string","description":"Phase one Authentication. Valid values: 'SHA-1', 'SHA-256', 'SHA-384' and 'SHA-512'.","description_kind":"plain","optional":true},"phase_1_dh_groups":{"type":"string","description":"Phase one DH Groups. Valid values: '1', '2', '5', '14', '15', '16', '17' and '18'.","description_kind":"plain","optional":true},"phase_1_encryption":{"type":"string","description":"Phase one Encryption. Valid values: '3DES', 'AES-128-CBC', 'AES-192-CBC' and 'AES-256-CBC'.","description_kind":"plain","optional":true},"phase_2_authentication":{"type":"string","description":"Phase two Authentication. Valid values: 'NO-AUTH', 'HMAC-SHA-1', 'HMAC-SHA-256', 'HMAC-SHA-384' and 'HMAC-SHA-512'.","description_kind":"plain","optional":true},"phase_2_dh_groups":{"type":"string","description":"Phase two DH Groups. Valid values: '1', '2', '5', '14', '15', '16', '17' and '18'.","description_kind":"plain","optional":true},"phase_2_encryption":{"type":"string","description":"Phase two Encryption. Valid values: '3DES', 'AES-128-CBC', 'AES-192-CBC', 'AES-256-CBC', 'AES-128-GCM-64', 'AES-128-GCM-96' and 'AES-128-GCM-128'.","description_kind":"plain","optional":true},"pre_shared_key":{"type":"string","description":"If left blank, the pre-shared key will be auto generated.","description_kind":"plain","optional":true,"sensitive":true},"remote_gateway_ip":{"type":"string","description":"Remote Gateway IP.","description_kind":"plain","required":true},"remote_subnet":{"type":"string","description":"Remote CIDRs joined as a string with ','. Required for a 'static' type connection.","description_kind":"plain","optional":true},"remote_tunnel_cidr":{"type":"string","description":"Destination CIDR for the tunnel to the external device.","description_kind":"plain","optional":true,"computed":true},"vpc_id":{"type":"string","description":"ID of the VPC where the Transit Gateway is located.","description_kind":"plain","required":true}},"description_kind":"plain"}},"aviatrix_transit_firenet_policy":{"version":0,"block":{"attributes":{"id":{"type":"string","description_kind":"plain","optional":true,"computed":true},"inspected_resource_name":{"type":"string","description":"Name of the resource to be added to transit firenet policy.","description_kind":"plain","required":true},"transit_firenet_gateway_name":{"type":"string","description":"Name of the transit firenet gateway.","description_kind":"plain","required":true}},"description_kind":"plain"}},"aviatrix_transit_gateway":{"version":1,"block":{"attributes":{"account_name":{"type":"string","description":"This parameter represents the name of a Cloud-Account in Aviatrix controller.","description_kind":"plain","required":true},"allocate_new_eip":{"type":"bool","description":"If false, reuse an idle address in Elastic IP pool for this gateway. Otherwise, allocate a new Elastic IP and use it for this gateway.","description_kind":"plain","optional":true},"bgp_ecmp":{"type":"bool","description":"Enable Equal Cost Multi Path (ECMP) routing for the next hop.","description_kind":"plain","optional":true},"bgp_manual_spoke_advertise_cidrs":{"type":"string","description":"Intended CIDR list to advertise to VGW.","description_kind":"plain","optional":true},"bgp_polling_time":{"type":"string","description":"BGP route polling time. Unit is in seconds. Valid values are between 10 and 50.","description_kind":"plain","optional":true},"cloud_instance_id":{"type":"string","description":"Instance ID of the transit gateway.","description_kind":"plain","computed":true},"cloud_type":{"type":"number","description":"Type of cloud service provider, requires an integer value. Use 1 for AWS.","description_kind":"plain","required":true},"connected_transit":{"type":"bool","description":"Specify Connected Transit status.","description_kind":"plain","optional":true},"customer_managed_keys":{"type":"string","description":"Customer managed key ID.","description_kind":"plain","optional":true,"sensitive":true},"customized_spoke_vpc_routes":{"type":"string","description":"A list of comma separated CIDRs to be customized for the spoke VPC routes. When configured, it will replace all learned routes in VPC routing tables, including RFC1918 and non-RFC1918 CIDRs. It applies to all spoke gateways attached to this transit gateway.","description_kind":"plain","optional":true},"eip":{"type":"string","description":"Required when allocate_new_eip is false. It uses specified EIP for this gateway.","description_kind":"plain","optional":true,"computed":true},"enable_active_mesh":{"type":"bool","description":"Switch to Enable/Disable Active Mesh Mode for Transit Gateway. Valid values: true, false.","description_kind":"plain","optional":true},"enable_advertise_transit_cidr":{"type":"bool","description":"Switch to Enable/Disable advertise transit VPC network CIDR.","description_kind":"plain","optional":true},"enable_egress_transit_firenet":{"type":"bool","description":"Specify whether to enable egress transit firenet interfaces or not.","description_kind":"plain","optional":true},"enable_encrypt_volume":{"type":"bool","description":"Enable encrypt gateway EBS volume. Only supported for AWS and AWSGOV providers. Valid values: true, false. Default value: false.","description_kind":"plain","optional":true},"enable_firenet":{"type":"bool","description":"Specify whether to enable firenet interfaces or not.","description_kind":"plain","optional":true},"enable_hybrid_connection":{"type":"bool","description":"Sign of readiness for TGW connection.","description_kind":"plain","optional":true},"enable_learned_cidrs_approval":{"type":"bool","description":"Switch to enable/disable encrypted transit approval for transit Gateway. Valid values: true, false.","description_kind":"plain","optional":true},"enable_transit_firenet":{"type":"bool","description":"Specify whether to enable transit firenet interfaces or not.","description_kind":"plain","optional":true},"enable_vpc_dns_server":{"type":"bool","description":"Enable vpc_dns_server for Gateway. Only supports AWS/AWSGOV. Valid values: true, false.","description_kind":"plain","optional":true},"excluded_advertised_spoke_routes":{"type":"string","description":"A list of comma separated CIDRs to be advertised to on-prem as 'Excluded CIDR List'. When configured, it inspects all the advertised CIDRs from its spoke gateways and remove those included in the 'Excluded CIDR List'.","description_kind":"plain","optional":true},"filtered_spoke_vpc_routes":{"type":"string","description":"A list of comma separated CIDRs to be filtered from the spoke VPC route table. When configured, filtering CIDR(s) or it’s subnet will be deleted from VPC routing tables as well as from spoke gateway’s routing table. It applies to all spoke gateways attached to this transit gateway.","description_kind":"plain","optional":true},"gw_name":{"type":"string","description":"Name of the gateway which is going to be created.","description_kind":"plain","required":true},"gw_size":{"type":"string","description":"Size of the gateway instance.","description_kind":"plain","required":true},"ha_cloud_instance_id":{"type":"string","description":"Cloud instance ID of HA transit gateway.","description_kind":"plain","computed":true},"ha_eip":{"type":"string","description":"Public IP address that you want assigned to the HA Transit Gateway.","description_kind":"plain","optional":true,"computed":true},"ha_gw_name":{"type":"string","description":"Aviatrix transit gateway unique name of HA transit gateway.","description_kind":"plain","computed":true},"ha_gw_size":{"type":"string","description":"HA Gateway Size. Mandatory if HA is enabled (ha_subnet is set).","description_kind":"plain","optional":true},"ha_insane_mode_az":{"type":"string","description":"AZ of subnet being created for Insane Mode Transit HA Gateway. Required if insane_mode is enabled and ha_subnet is set.","description_kind":"plain","optional":true},"ha_private_ip":{"type":"string","description":"Private IP address of HA transit gateway.","description_kind":"plain","computed":true},"ha_subnet":{"type":"string","description":"HA Subnet. Required for enabling HA for AWS/AZURE/AWSGOV gateway. Optional for enabling HA for GCP gateway.","description_kind":"plain","optional":true},"ha_zone":{"type":"string","description":"HA Zone. Required if enabling HA for GCP.","description_kind":"plain","optional":true},"id":{"type":"string","description_kind":"plain","optional":true,"computed":true},"insane_mode":{"type":"bool","description":"Enable Insane Mode for Transit. Valid values: true, false. If insane mode is enabled, gateway size has to at least be c5 size.","description_kind":"plain","optional":true},"insane_mode_az":{"type":"string","description":"AZ of subnet being created for Insane Mode Transit Gateway. Required if insane_mode is enabled.","description_kind":"plain","optional":true},"local_as_number":{"type":"string","description":"Changes the Aviatrix Transit Gateway ASN number before you setup Aviatrix Transit Gateway connection configurations.","description_kind":"plain","optional":true},"prepend_as_path":{"type":["list","string"],"description":"List of AS numbers to populate BGP AP_PATH field when it advertises to VGW or peer devices.","description_kind":"plain","optional":true},"private_ip":{"type":"string","description":"Private IP address of the transit gateway created.","description_kind":"plain","computed":true},"security_group_id":{"type":"string","description":"Security group used for the transit gateway.","description_kind":"plain","computed":true},"single_az_ha":{"type":"bool","description":"Set to 'enabled' if this feature is desired.","description_kind":"plain","optional":true},"single_ip_snat":{"type":"bool","description":"Enable or disable Source NAT feature in 'single_ip' mode for this container.","description_kind":"plain","optional":true},"subnet":{"type":"string","description":"Public Subnet Name.","description_kind":"plain","required":true},"tag_list":{"type":["list","string"],"description":"Instance tag of cloud provider.","description_kind":"plain","optional":true},"vpc_id":{"type":"string","description":"VPC-ID/VNet-Name of cloud provider.","description_kind":"plain","required":true},"vpc_reg":{"type":"string","description":"Region of cloud provider.","description_kind":"plain","required":true}},"description_kind":"plain"}},"aviatrix_transit_gateway_peering":{"version":0,"block":{"attributes":{"gateway1_excluded_network_cidrs":{"type":["list","string"],"description":"List of excluded network CIDRs for the first transit gateway.","description_kind":"plain","optional":true},"gateway1_excluded_tgw_connections":{"type":["list","string"],"description":"List of excluded TGW connections for the first transit gateway.","description_kind":"plain","optional":true},"gateway2_excluded_network_cidrs":{"type":["list","string"],"description":"List of excluded network CIDRs for the second transit gateway.","description_kind":"plain","optional":true},"gateway2_excluded_tgw_connections":{"type":["list","string"],"description":"List of excluded TGW connections for the second transit gateway.","description_kind":"plain","optional":true},"id":{"type":"string","description_kind":"plain","optional":true,"computed":true},"transit_gateway_name1":{"type":"string","description":"The first transit gateway name to make a peer pair.","description_kind":"plain","required":true},"transit_gateway_name2":{"type":"string","description":"The second transit gateway name to make a peer pair.","description_kind":"plain","required":true}},"description_kind":"plain"}},"aviatrix_transit_vpc":{"version":2,"block":{"attributes":{"account_name":{"type":"string","description":"This parameter represents the name of a Cloud-Account in Aviatrix controller.","description_kind":"plain","required":true},"cloud_type":{"type":"number","description":"Type of cloud service provider, requires an integer value. Use 1 for AWS.","description_kind":"plain","required":true},"connected_transit":{"type":"string","description":"Specify Connected Transit status.","description_kind":"plain","optional":true},"enable_firenet_interfaces":{"type":"bool","description":"Specify whether to enable firenet interfaces or not.","description_kind":"plain","optional":true},"enable_hybrid_connection":{"type":"bool","description":"Sign of readiness for TGW connection.","description_kind":"plain","optional":true},"enable_nat":{"type":"string","description":"Enable NAT for this container.","description_kind":"plain","optional":true},"gw_name":{"type":"string","description":"Name of the gateway which is going to be created.","description_kind":"plain","required":true},"ha_gw_size":{"type":"string","description":"HA Gateway Size. Mandatory if HA is enabled (ha_subnet is set).","description_kind":"plain","optional":true},"ha_insane_mode_az":{"type":"string","description":"AZ of subnet being created for Insane Mode Transit HA Gateway. Required if insane_mode is enabled and ha_subnet is set.","description_kind":"plain","optional":true},"ha_subnet":{"type":"string","description":"HA Subnet.","description_kind":"plain","optional":true},"id":{"type":"string","description_kind":"plain","optional":true,"computed":true},"insane_mode":{"type":"bool","description":"Enable Insane Mode for Transit. Valid values: true, false. If insane mode is enabled, gateway size has to at least be c5 size.","description_kind":"plain","optional":true},"insane_mode_az":{"type":"string","description":"AZ of subnet being created for Insane Mode Transit Gateway. Required if insane_mode is enabled.","description_kind":"plain","optional":true},"subnet":{"type":"string","description":"Public Subnet Name.","description_kind":"plain","required":true},"tag_list":{"type":["list","string"],"description":"Instance tag of cloud provider.","description_kind":"plain","optional":true},"vpc_id":{"type":"string","description":"VPC-ID/VNet-Name of cloud provider.","description_kind":"plain","required":true},"vpc_reg":{"type":"string","description":"Region of cloud provider.","description_kind":"plain","required":true},"vpc_size":{"type":"string","description":"Size of the gateway instance.","description_kind":"plain","required":true}},"description_kind":"plain"}},"aviatrix_tunnel":{"version":0,"block":{"attributes":{"enable_ha":{"type":"bool","description":"Whether Peering HA is enabled. Valid inputs: true or false.","description_kind":"plain","optional":true},"gw_name1":{"type":"string","description":"The first VPC Container name to make a peer pair.","description_kind":"plain","required":true},"gw_name2":{"type":"string","description":"The second VPC Container name to make a peer pair.","description_kind":"plain","required":true},"id":{"type":"string","description_kind":"plain","optional":true,"computed":true},"peering_hastatus":{"type":"string","description":"Status of the HA tunnel.","description_kind":"plain","computed":true},"peering_link":{"type":"string","description":"Name of the peering link.","description_kind":"plain","computed":true},"peering_state":{"type":"string","description":"Status of the tunnel.","description_kind":"plain","computed":true}},"description_kind":"plain"}},"aviatrix_vgw_conn":{"version":1,"block":{"attributes":{"bgp_local_as_num":{"type":"string","description":"BGP local ASN (Autonomous System Number). Integer between 1-4294967294.","description_kind":"plain","required":true},"bgp_vgw_account":{"type":"string","description":"Account of AWS's VGW that is used for this connection.","description_kind":"plain","required":true},"bgp_vgw_id":{"type":"string","description":"Id of AWS's VGW that is used for this connection.","description_kind":"plain","required":true},"bgp_vgw_region":{"type":"string","description":"Region of AWS's VGW that is used for this connection.","description_kind":"plain","required":true},"conn_name":{"type":"string","description":"The name of the VGW connection which is going to be created.","description_kind":"plain","required":true},"gw_name":{"type":"string","description":"Name of the Transit Gateway.","description_kind":"plain","required":true},"id":{"type":"string","description_kind":"plain","optional":true,"computed":true},"vpc_id":{"type":"string","description":"VPC-ID where the Transit Gateway is located.","description_kind":"plain","required":true}},"description_kind":"plain"}},"aviatrix_vpc":{"version":1,"block":{"attributes":{"account_name":{"type":"string","description":"Account name. This account will be used to create an Aviatrix VPC.","description_kind":"plain","required":true},"aviatrix_firenet_vpc":{"type":"bool","description":"Specify the VPC as Aviatrix FireNet VPC or not. Required to be false for GCP provider.","description_kind":"plain","optional":true},"aviatrix_transit_vpc":{"type":"bool","description":"Specify the VPC as Aviatrix Transit VPC or not. Required to be false for GCP provider.","description_kind":"plain","optional":true},"cidr":{"type":"string","description":"Subnet of the VPC to be created. Required to be empty for GCP provider, and non-empty for other providers.","description_kind":"plain","optional":true},"cloud_type":{"type":"number","description":"Type of cloud service provider.","description_kind":"plain","required":true},"id":{"type":"string","description_kind":"plain","optional":true,"computed":true},"name":{"type":"string","description":"Name of the VPC to be created.","description_kind":"plain","required":true},"region":{"type":"string","description":"Region of cloud provider. Required to be empty for GCP provider, and non-empty for other providers.","description_kind":"plain","optional":true},"vpc_id":{"type":"string","description":"ID of the VPC created.","description_kind":"plain","computed":true}},"block_types":{"subnets":{"nesting_mode":"list","block":{"attributes":{"cidr":{"type":"string","description":"Subnet cidr.","description_kind":"plain","optional":true},"name":{"type":"string","description":"Subnet name.","description_kind":"plain","optional":true},"region":{"type":"string","description":"Subnet region.","description_kind":"plain","optional":true},"subnet_id":{"type":"string","description":"Subnet ID.","description_kind":"plain","computed":true}},"description":"List of subnets of the VPC to be created. Required to be non-empty for GCP provider, and empty for other providers.","description_kind":"plain"}}},"description_kind":"plain"}},"aviatrix_vpn_profile":{"version":0,"block":{"attributes":{"base_rule":{"type":"string","description":"Base policy rule of the profile to be added. Enter 'allow_all' or 'deny_all'.","description_kind":"plain","optional":true},"id":{"type":"string","description_kind":"plain","optional":true,"computed":true},"manage_user_attachment":{"type":"bool","description_kind":"plain","optional":true},"name":{"type":"string","description":"name for the VPN profile.","description_kind":"plain","required":true},"users":{"type":["list","string"],"description":"List of VPN users to attach to this profile.","description_kind":"plain","optional":true}},"block_types":{"policy":{"nesting_mode":"list","block":{"attributes":{"action":{"type":"string","description":"The opposite of the base rule for correct behaviour. 'allow' or 'deny'.","description_kind":"plain","required":true},"port":{"type":"string","description":"Port to be allowed or denied.","description_kind":"plain","required":true},"proto":{"type":"string","description":"Protocol to allow or deny.","description_kind":"plain","required":true},"target":{"type":"string","description":"CIDR to be allowed or denied.","description_kind":"plain","required":true}},"description":"New security policy for the profile.","description_kind":"plain"}}},"description_kind":"plain"}},"aviatrix_vpn_user":{"version":0,"block":{"attributes":{"dns_name":{"type":"string","description":"FQDN of a DNS based VPN service such as GeoVPN or UDP load balancer.","description_kind":"plain","optional":true},"gw_name":{"type":"string","description":"If ELB is enabled, this will be the name of the ELB, else it will be the name of the Aviatrix VPN gateway.","description_kind":"plain","optional":true},"id":{"type":"string","description_kind":"plain","optional":true,"computed":true},"manage_user_attachment":{"type":"bool","description_kind":"plain","optional":true},"profiles":{"type":["list","string"],"description":"List of profiles for user to attach to.","description_kind":"plain","optional":true},"saml_endpoint":{"type":"string","description":"This is the name of the SAML endpoint to which the user will be associated.","description_kind":"plain","optional":true},"user_email":{"type":"string","description":"VPN User's email.","description_kind":"plain","optional":true},"user_name":{"type":"string","description":"VPN user name.","description_kind":"plain","required":true},"vpc_id":{"type":"string","description":"VPC Id of Aviatrix VPN gateway.","description_kind":"plain","optional":true}},"description_kind":"plain"}},"aviatrix_vpn_user_accelerator":{"version":0,"block":{"attributes":{"elb_name":{"type":"string","description":"ELB to include into the VPN User Accelerator.","description_kind":"plain","required":true},"id":{"type":"string","description_kind":"plain","optional":true,"computed":true}},"description_kind":"plain"}}},"data_source_schemas":{"aviatrix_account":{"version":0,"block":{"attributes":{"account_name":{"type":"string","description":"Account name. This can be used for logging in to CloudN console or UserConnect controller.","description_kind":"plain","required":true},"aws_access_key":{"type":"string","description":"AWS Access Key.","description_kind":"plain","computed":true},"aws_account_number":{"type":"string","description":"AWS Account number to associate with Aviatrix account.","description_kind":"plain","computed":true},"aws_role_arn":{"type":"string","description":"AWS App role ARN.","description_kind":"plain","computed":true},"aws_role_ec2":{"type":"string","description":"AWS EC2 role ARN","description_kind":"plain","computed":true},"cloud_type":{"type":"number","description":"Type of cloud service provider.","description_kind":"plain","computed":true},"id":{"type":"string","description_kind":"plain","optional":true,"computed":true}},"description_kind":"plain"}},"aviatrix_caller_identity":{"version":0,"block":{"attributes":{"cid":{"type":"string","description":"Aviatrix caller identity.","description_kind":"plain","computed":true},"id":{"type":"string","description_kind":"plain","optional":true,"computed":true}},"description_kind":"plain"}},"aviatrix_firenet":{"version":0,"block":{"attributes":{"egress_enabled":{"type":"bool","description":"Enable/Disable egress through firewall.","description_kind":"plain","computed":true},"id":{"type":"string","description_kind":"plain","optional":true,"computed":true},"inspection_enabled":{"type":"bool","description":"Enable/Disable traffic inspection.","description_kind":"plain","computed":true},"vpc_id":{"type":"string","description":"VPC ID.","description_kind":"plain","required":true}},"block_types":{"firewall_instance_association":{"nesting_mode":"list","block":{"attributes":{"attached":{"type":"bool","description":"Switch to attach/detach firewall instance to/from fireNet.","description_kind":"plain","computed":true},"egress_interface":{"type":"string","description":"Egress interface ID, required if it is a firewall instance.","description_kind":"plain","computed":true},"firenet_gw_name":{"type":"string","description":"Name of the gateway to launch the firewall instance.","description_kind":"plain","computed":true},"firewall_name":{"type":"string","description":"Firewall instance name, or FQDN Gateway's gw_name, required if it is a firewall instance.","description_kind":"plain","computed":true},"instance_id":{"type":"string","description":"ID of Firewall instance, or FQDN Gateway's gw_name.","description_kind":"plain","computed":true},"lan_interface":{"type":"string","description":"Lan interface ID, required if it is a firewall instance.","description_kind":"plain","computed":true},"management_interface":{"type":"string","description":"Management interface ID, required if it is a firewall instance.","description_kind":"plain","computed":true},"vendor_type":{"type":"string","description":"Indication it is a firewall instance or FQDN gateway to be associated to fireNet. Valid values: 'Generic', 'fqdn_gateway'. Value 'fqdn_gateway' is required for FQDN gateway.","description_kind":"plain","computed":true}},"description":"List of firewall instances associated with fireNet.","description_kind":"plain"}}},"description_kind":"plain"}},"aviatrix_firenet_vendor_integration":{"version":0,"block":{"attributes":{"firewall_name":{"type":"string","description":"Name of firewall instance.","description_kind":"plain","optional":true},"id":{"type":"string","description_kind":"plain","optional":true,"computed":true},"instance_id":{"type":"string","description":"ID of Firewall instance.","description_kind":"plain","required":true},"number_of_retries":{"type":"number","description":"Number of retries for 'save' or 'synchronize'.","description_kind":"plain","optional":true},"password":{"type":"string","description":"Firewall login password for API calls.","description_kind":"plain","required":true},"public_ip":{"type":"string","description":"The public IP address of the firewall management interface for API calls from the Aviatrix Controller.","description_kind":"plain","required":true},"retry_interval":{"type":"number","description":"Retry interval in seconds for `save` or `synchronize`.","description_kind":"plain","optional":true},"route_table":{"type":"string","description":"Specify the firewall virtual Router name you wish the Controller to program. If left unspecified, the Controller programs the firewall’s default router.","description_kind":"plain","optional":true},"save":{"type":"bool","description":"Switch to save or not.","description_kind":"plain","optional":true},"synchronize":{"type":"bool","description":"Switch to sync or not.","description_kind":"plain","optional":true},"username":{"type":"string","description":"Firewall login name for API calls from the Controller. For example, admin-api, as shown in the screen shot.","description_kind":"plain","required":true},"vendor_type":{"type":"string","description":"Select PAN. Valid values: 'Generic', 'Palo Alto Networks VM-Series' and 'Aviatrix FQDN Gateway'.","description_kind":"plain","required":true},"vpc_id":{"type":"string","description":"VPC ID.","description_kind":"plain","required":true}},"description_kind":"plain"}},"aviatrix_firewall":{"version":0,"block":{"attributes":{"base_log_enabled":{"type":"bool","description":"Indicates whether logging is enabled or not.","description_kind":"plain","computed":true},"base_policy":{"type":"string","description":"The firewall's base policy.","description_kind":"plain","computed":true},"gw_name":{"type":"string","description":"Name of the gateway the firewall is associated with.","description_kind":"plain","required":true},"id":{"type":"string","description_kind":"plain","optional":true,"computed":true},"policies":{"type":["list",["object",{"action":"string","description":"string","dst_ip":"string","log_enabled":"bool","port":"string","protocol":"string","src_ip":"string"}]],"description":"List of policies associated with the firewall.","description_kind":"plain","computed":true}},"description_kind":"plain"}},"aviatrix_gateway":{"version":0,"block":{"attributes":{"account_name":{"type":"string","description":"Account name. This account will be used to launch Aviatrix gateway.","description_kind":"plain","computed":true},"additional_cidrs":{"type":"string","description":"A list of destination CIDR ranges that will also go through the VPN tunnel when Split Tunnel Mode is enabled.","description_kind":"plain","computed":true},"additional_cidrs_designated_gateway":{"type":"string","description":"A list of CIDR ranges separated by comma to configure when 'designated_gateway' feature is enabled.","description_kind":"plain","computed":true},"allocate_new_eip":{"type":"bool","description":"When value is false, reuse an idle address in Elastic IP pool for this gateway. Otherwise, allocate a new Elastic IP and use it for this gateway.","description_kind":"plain","computed":true},"cloud_instance_id":{"type":"string","description":"Instance ID of the gateway.","description_kind":"plain","computed":true},"cloud_type":{"type":"number","description":"Type of cloud service provider.","description_kind":"plain","computed":true},"duo_api_hostname":{"type":"string","description":"API hostname for DUO auth mode.","description_kind":"plain","computed":true},"duo_integration_key":{"type":"string","description":"Integration key for DUO auth mode.","description_kind":"plain","computed":true},"duo_push_mode":{"type":"string","description":"Push mode for DUO auth.","description_kind":"plain","computed":true},"elb_dns_name":{"type":"string","description":"ELB DNS Name.","description_kind":"plain","computed":true},"elb_name":{"type":"string","description":"A name for the ELB that is created.","description_kind":"plain","computed":true},"enable_designated_gateway":{"type":"bool","description":"Enable 'designated_gateway' feature for Gateway. Only supports AWS. Valid values: true, false.","description_kind":"plain","computed":true},"enable_elb":{"type":"bool","description":"Specify whether to enable ELB or not.","description_kind":"plain","computed":true},"enable_encrypt_volume":{"type":"bool","description":"Enable encrypt gateway EBS volume. Only supported for AWS provider. Valid values: true, false. Default value: false.","description_kind":"plain","computed":true},"enable_ldap":{"type":"bool","description":"Specify whether to enable LDAP or not. Supported values: 'yes' and 'no'.","description_kind":"plain","computed":true},"enable_vpc_dns_server":{"type":"bool","description":"Enable vpc_dns_server for Gateway. Only supports AWS. Valid values: true, false.","description_kind":"plain","computed":true},"enable_vpn_nat":{"type":"bool","description":"This field indicates whether to enable VPN NAT or not. Only supported for VPN gateway. Valid values: true, false. Default value: true.","description_kind":"plain","computed":true},"gw_name":{"type":"string","description":"Gateway name. This can be used for getting gateway.","description_kind":"plain","required":true},"gw_size":{"type":"string","description":"Size of Gateway Instance.","description_kind":"plain","computed":true},"id":{"type":"string","description_kind":"plain","optional":true,"computed":true},"insane_mode":{"type":"bool","description":"Enable Insane Mode for Gateway. Valid values: true, false.","description_kind":"plain","computed":true},"insane_mode_az":{"type":"string","description":"AZ of subnet being created for Insane Mode Gateway. Required if insane_mode is set.","description_kind":"plain","computed":true},"ldap_base_dn":{"type":"string","description":"LDAP base DN. Required: Yes if enable_ldap is 'yes'.","description_kind":"plain","computed":true},"ldap_bind_dn":{"type":"string","description":"LDAP bind DN. Required: Yes if enable_ldap is 'yes'.","description_kind":"plain","computed":true},"ldap_server":{"type":"string","description":"LDAP server address. Required: Yes if enable_ldap is 'yes'.","description_kind":"plain","computed":true},"ldap_username_attribute":{"type":"string","description":"LDAP user attribute. Required: Yes if enable_ldap is 'yes'.","description_kind":"plain","computed":true},"max_vpn_conn":{"type":"string","description":"Maximum connection of VPN access.","description_kind":"plain","computed":true},"name_servers":{"type":"string","description":"A list of DNS servers used to resolve domain names by a connected VPN user when Split Tunnel Mode is enabled.","description_kind":"plain","computed":true},"okta_url":{"type":"string","description":"URL for Okta auth mode.","description_kind":"plain","computed":true},"okta_username_suffix":{"type":"string","description":"Username suffix for Okta auth mode.","description_kind":"plain","computed":true},"otp_mode":{"type":"string","description":"Two step authentication mode.","description_kind":"plain","computed":true},"peering_ha_cloud_instance_id":{"type":"string","description":"Instance ID of the peering HA gateway.","description_kind":"plain","computed":true},"peering_ha_gw_name":{"type":"string","description":"Aviatrix gateway unique name of HA gateway.","description_kind":"plain","computed":true},"peering_ha_gw_size":{"type":"string","description":"Peering HA Gateway Size.","description_kind":"plain","computed":true},"peering_ha_insane_mode_az":{"type":"string","description":"AZ of subnet being created for Insane Mode Peering HA Gateway. Required if insane_mode is set.","description_kind":"plain","computed":true},"peering_ha_private_ip":{"type":"string","description":"Private IP address of HA gateway.","description_kind":"plain","computed":true},"peering_ha_public_ip":{"type":"string","description":"Public IP address that you want assigned to the HA peering instance.","description_kind":"plain","computed":true},"peering_ha_subnet":{"type":"string","description":"Public Subnet Information while creating Peering HA Gateway, only subnet is accepted. Required to create peering ha gateway if cloud_type = 1 or 8 (AWS or AZURE)","description_kind":"plain","computed":true},"peering_ha_zone":{"type":"string","description":"Zone information for creating Peering HA Gateway. Required to create peering ha gateway if cloud_type = 4 (gcp)","description_kind":"plain","computed":true},"private_ip":{"type":"string","description":"Private IP address of the Gateway created.","description_kind":"plain","computed":true},"public_dns_server":{"type":"string","description":"NS server used by the gateway.","description_kind":"plain","computed":true},"public_ip":{"type":"string","description":"Public IP address of the Gateway created.","description_kind":"plain","computed":true},"saml_enabled":{"type":"bool","description":"This field indicates whether to enable SAML or not.","description_kind":"plain","computed":true},"search_domains":{"type":"string","description":"A list of domain names that will use the NameServer when a specific name is not in the destination when Split Tunnel Mode is enabled.","description_kind":"plain","computed":true},"security_group_id":{"type":"string","description":"Security group used for the gateway.","description_kind":"plain","computed":true},"single_az_ha":{"type":"bool","description":"Set to true if this feature is desired.","description_kind":"plain","computed":true},"single_ip_snat":{"type":"bool","description":"Enable Source NAT for this container.","description_kind":"plain","computed":true},"split_tunnel":{"type":"bool","description":"Specify split tunnel mode.","description_kind":"plain","computed":true},"subnet":{"type":"string","description":"A VPC Network address range selected from one of the available network ranges.","description_kind":"plain","computed":true},"tag_list":{"type":["list","string"],"description":"Instance tag of cloud provider.","description_kind":"plain","computed":true},"vpc_id":{"type":"string","description":"ID of legacy VPC/Vnet to be connected.","description_kind":"plain","computed":true},"vpc_reg":{"type":"string","description":"Region where gateway is launched.","description_kind":"plain","computed":true},"vpn_access":{"type":"bool","description":"Enable user access through VPN to this container.","description_kind":"plain","computed":true},"vpn_cidr":{"type":"string","description":"VPN CIDR block for the container.","description_kind":"plain","computed":true},"vpn_protocol":{"type":"string","description":"Elb protocol for VPN gateway with elb enabled. Only supports AWS provider. Valid values: 'TCP', 'UDP'. If not specified, 'TCP'' will be used.","description_kind":"plain","computed":true}},"description_kind":"plain"}},"aviatrix_spoke_gateway":{"version":0,"block":{"attributes":{"account_name":{"type":"string","description":"This parameter represents the name of a Cloud-Account in Aviatrix controller.","description_kind":"plain","computed":true},"allocate_new_eip":{"type":"bool","description":"If false, reuse an idle address in Elastic IP pool for this gateway. Otherwise, allocate a new Elastic IP and use it for this gateway.","description_kind":"plain","computed":true},"cloud_instance_id":{"type":"string","description":"Cloud instance ID.","description_kind":"plain","computed":true},"cloud_type":{"type":"number","description":"Type of cloud service provider.","description_kind":"plain","computed":true},"customized_spoke_vpc_routes":{"type":"string","description":"A list of comma separated CIDRs to be customized for the spoke VPC routes. When configured, it will replace all learned routes in VPC routing tables, including RFC1918 and non-RFC1918 CIDRs. It applies to this spoke gateway only​.","description_kind":"plain","computed":true},"enable_active_mesh":{"type":"bool","description":"Switch to Enable/Disable Active Mesh Mode for Spoke Gateway. Valid values: true, false.","description_kind":"plain","computed":true},"enable_encrypt_volume":{"type":"bool","description":"Enable encrypt gateway EBS volume. Only supported for AWS provider. Valid values: true, false. Default value: false.","description_kind":"plain","computed":true},"enable_vpc_dns_server":{"type":"bool","description":"Enable vpc_dns_server for Gateway. Only supports AWS. Valid values: true, false.","description_kind":"plain","computed":true},"filtered_spoke_vpc_routes":{"type":"string","description":"A list of comma separated CIDRs to be filtered from the spoke VPC route table. When configured, filtering CIDR(s) or it’s subnet will be deleted from VPC routing tables as well as from spoke gateway’s routing table. It applies to this spoke gateway only.","description_kind":"plain","computed":true},"gw_name":{"type":"string","description":"Spoke gateway name. This can be used for getting spoke gateway.","description_kind":"plain","required":true},"gw_size":{"type":"string","description":"Size of the gateway instance.","description_kind":"plain","computed":true},"ha_cloud_instance_id":{"type":"string","description":"Cloud instance ID of HA spoke gateway.","description_kind":"plain","computed":true},"ha_gw_name":{"type":"string","description":"Aviatrix spoke gateway unique name of HA spoke gateway.","description_kind":"plain","computed":true},"ha_gw_size":{"type":"string","description":"HA Gateway Size.","description_kind":"plain","computed":true},"ha_insane_mode_az":{"type":"string","description":"AZ of subnet being created for Insane Mode Spoke HA Gateway. Required if insane_mode is true and ha_subnet is set.","description_kind":"plain","computed":true},"ha_private_ip":{"type":"string","description":"Private IP address of HA spoke gateway.","description_kind":"plain","computed":true},"ha_public_ip":{"type":"string","description":"Public IP address that you want assigned to the HA Spoke Gateway.","description_kind":"plain","computed":true},"ha_subnet":{"type":"string","description":"HA Subnet. Required if enabling HA for AWS/AZURE.","description_kind":"plain","computed":true},"ha_zone":{"type":"string","description":"HA Zone. Required if enabling HA for GCP.","description_kind":"plain","computed":true},"id":{"type":"string","description_kind":"plain","optional":true,"computed":true},"included_advertised_spoke_routes":{"type":"string","description":"A list of comma separated CIDRs to be advertised to on-prem as 'Included CIDR List'. When configured, it will replace all advertised routes from this VPC.​","description_kind":"plain","computed":true},"insane_mode":{"type":"bool","description":"Enable Insane Mode for Spoke Gateway. Valid values: true, false. If insane mode is enabled, gateway size has to at least be c5 size.","description_kind":"plain","computed":true},"insane_mode_az":{"type":"string","description":"AZ of subnet being created for Insane Mode Spoke Gateway. Required if insane_mode is enabled for aws cloud.","description_kind":"plain","computed":true},"private_ip":{"type":"string","description":"Private IP address of the spoke gateway created.","description_kind":"plain","computed":true},"public_ip":{"type":"string","description":"Required when allocate_new_eip is false. It uses specified EIP for this gateway.","description_kind":"plain","computed":true},"security_group_id":{"type":"string","description":"Security group used for the spoke gateway.","description_kind":"plain","computed":true},"single_az_ha":{"type":"bool","description":"Set to 'enabled' if this feature is desired.","description_kind":"plain","computed":true},"single_ip_snat":{"type":"bool","description":"Specify whether to enable Source NAT feature in 'single_ip' mode on the gateway or not.","description_kind":"plain","computed":true},"subnet":{"type":"string","description":"Public Subnet Info.","description_kind":"plain","computed":true},"tag_list":{"type":["list","string"],"description":"Instance tag of cloud provider.","description_kind":"plain","computed":true},"transit_gw":{"type":"string","description":"Transit Gateways this spoke has joined.","description_kind":"plain","computed":true},"vpc_id":{"type":"string","description":"VPC-ID/VNet-Name of cloud provider.","description_kind":"plain","computed":true},"vpc_reg":{"type":"string","description":"Region of cloud provider.","description_kind":"plain","computed":true}},"description_kind":"plain"}},"aviatrix_transit_gateway":{"version":1,"block":{"attributes":{"account_name":{"type":"string","description":"Name of a Cloud-Account in Aviatrix controller.","description_kind":"plain","computed":true},"allocate_new_eip":{"type":"bool","description":"Whether the eip is newly allocated or not.","description_kind":"plain","computed":true},"bgp_manual_spoke_advertise_cidrs":{"type":"string","description":"Intended CIDR list to advertise to VGW.","description_kind":"plain","computed":true},"cloud_instance_id":{"type":"string","description":"Instance ID of the transit gateway.","description_kind":"plain","computed":true},"cloud_type":{"type":"number","description":"Type of cloud service provider.","description_kind":"plain","computed":true},"connected_transit":{"type":"bool","description":"Connected Transit status.","description_kind":"plain","computed":true},"customized_spoke_vpc_routes":{"type":"string","description":"A list of comma separated CIDRs to be customized for the spoke VPC routes. When configured, it will replace all learned routes in VPC routing tables, including RFC1918 and non-RFC1918 CIDRs. It applies to this spoke gateway only​.","description_kind":"plain","computed":true},"enable_active_mesh":{"type":"bool","description":"Enable/Disable active mesh mode for Transit Gateway.","description_kind":"plain","computed":true},"enable_advertise_transit_cidr":{"type":"bool","description":"Enable/Disable advertise transit VPC network CIDR.","description_kind":"plain","computed":true},"enable_egress_transit_firenet":{"type":"bool","description":"Specify whether to enable egress transit firenet interfaces or not.","description_kind":"plain","computed":true},"enable_encrypt_volume":{"type":"bool","description":"Enable/Disable encrypt gateway EBS volume. Only supported for AWS provider.","description_kind":"plain","computed":true},"enable_firenet":{"type":"bool","description":"Whether firenet interfaces is enabled.","description_kind":"plain","computed":true},"enable_hybrid_connection":{"type":"bool","description":"Sign of readiness for TGW connection.","description_kind":"plain","computed":true},"enable_learned_cidrs_approval":{"type":"bool","description":"Switch to enable/disable encrypted transit approval for transit gateway.","description_kind":"plain","computed":true},"enable_transit_firenet":{"type":"bool","description":"Switch to enable/disable transit firenet interfaces for transit gateway.","description_kind":"plain","computed":true},"enable_vpc_dns_server":{"type":"bool","description":"Enable/Disable vpc_dns_server for Gateway. Only supports AWS.","description_kind":"plain","computed":true},"excluded_advertised_spoke_routes":{"type":"string","description":"A list of comma separated CIDRs to be advertised to on-prem as 'Excluded CIDR List'. When configured, it inspects all the advertised CIDRs from its spoke gateways and remove those included in the 'Excluded CIDR List'.​","description_kind":"plain","computed":true},"filtered_spoke_vpc_routes":{"type":"string","description":"A list of comma separated CIDRs to be filtered from the spoke VPC route table. When configured, filtering CIDR(s) or it’s subnet will be deleted from VPC routing tables as well as from spoke gateway’s routing table. It applies to this spoke gateway only.","description_kind":"plain","computed":true},"gw_name":{"type":"string","description":"Transit Gateway name. This can be used for getting gateway.","description_kind":"plain","required":true},"gw_size":{"type":"string","description":"Instance type.","description_kind":"plain","computed":true},"ha_cloud_instance_id":{"type":"string","description":"Cloud instance ID of HA transit gateway.","description_kind":"plain","computed":true},"ha_gw_name":{"type":"string","description":"Aviatrix transit gateway unique name of HA transit gateway.","description_kind":"plain","computed":true},"ha_gw_size":{"type":"string","description":"HA Gateway Size. Mandatory if HA is enabled (ha_subnet is set).","description_kind":"plain","computed":true},"ha_insane_mode_az":{"type":"string","description":"AZ of subnet being created for Insane Mode Transit HA Gateway. Required if insane_mode is enabled and ha_subnet is set.","description_kind":"plain","computed":true},"ha_private_ip":{"type":"string","description":"Private IP address of HA transit gateway.","description_kind":"plain","computed":true},"ha_public_ip":{"type":"string","description":"Public IP address that you want assigned to the HA Transit Gateway.","description_kind":"plain","computed":true},"ha_subnet":{"type":"string","description":"HA Subnet. Required for enabling HA for AWS/AZURE transit gateway.","description_kind":"plain","computed":true},"ha_zone":{"type":"string","description":"HA Zone. Required if enabling HA for GCP.","description_kind":"plain","computed":true},"id":{"type":"string","description_kind":"plain","optional":true,"computed":true},"insane_mode":{"type":"bool","description":"Enable/Disable Insane Mode for Spoke Gateway.","description_kind":"plain","computed":true},"insane_mode_az":{"type":"string","description":"AZ of subnet being created for Insane Mode Spoke Gateway. Required if insane_mode is enabled for aws cloud.","description_kind":"plain","computed":true},"private_ip":{"type":"string","description":"Private IP address of the transit gateway created.","description_kind":"plain","computed":true},"public_ip":{"type":"string","description":"Public IP address of the Transit Gateway created.","description_kind":"plain","computed":true},"security_group_id":{"type":"string","description":"Security group used for the transit gateway.","description_kind":"plain","computed":true},"single_az_ha":{"type":"bool","description":"Enable/Disable this feature.","description_kind":"plain","computed":true},"single_ip_snat":{"type":"bool","description":"Enable or disable Source NAT feature in 'single_ip' mode for this container.","description_kind":"plain","computed":true},"subnet":{"type":"string","description":"Range of the subnet where the transit gateway is launched.","description_kind":"plain","computed":true},"tag_list":{"type":["list","string"],"description":"Instance tag of cloud provider. Only supported for AWS provider.","description_kind":"plain","computed":true},"vpc_id":{"type":"string","description":"VPC ID.","description_kind":"plain","computed":true},"vpc_reg":{"type":"string","description":"Region of cloud provider.","description_kind":"plain","computed":true}},"description_kind":"plain"}},"aviatrix_vpc":{"version":1,"block":{"attributes":{"account_name":{"type":"string","description":"Account name of the VPC created.","description_kind":"plain","computed":true},"aviatrix_firenet_vpc":{"type":"bool","description":"Switch if the VPC created is an Aviatrix FireNet VPC or not.","description_kind":"plain","computed":true},"aviatrix_transit_vpc":{"type":"bool","description":"Switch if the VPC created is an Aviatrix Transit VPC or not.","description_kind":"plain","computed":true},"cidr":{"type":"string","description":"Subnet of the VPC created.","description_kind":"plain","computed":true},"cloud_type":{"type":"number","description":"Type of cloud service provider.","description_kind":"plain","computed":true},"id":{"type":"string","description_kind":"plain","optional":true,"computed":true},"name":{"type":"string","description":"Name of the VPC created.","description_kind":"plain","required":true},"private_subnets":{"type":["list",["object",{"cidr":"string","name":"string","subnet_id":"string"}]],"description":"List of private subnet of the VPC to be created.","description_kind":"plain","computed":true},"public_subnets":{"type":["list",["object",{"cidr":"string","name":"string","subnet_id":"string"}]],"description":"List of public subnet of the VPC to be created.","description_kind":"plain","computed":true},"region":{"type":"string","description":"Region of the VPC created.","description_kind":"plain","computed":true},"route_tables":{"type":["list","string"],"description":"List of AWS route table ids associated with this VPC. Only populated for AWS vpc.","description_kind":"plain","computed":true},"route_tables_filter":{"type":"string","description":"Filters the route_tables list to contain only public or private route tables. Valid values are 'private' or 'public'. If not set then route_tables are not filtered.","description_kind":"plain","optional":true},"subnets":{"type":["list",["object",{"cidr":"string","name":"string","subnet_id":"string"}]],"description":"List of subnet of the VPC to be created.","description_kind":"plain","computed":true},"vpc_id":{"type":"string","description":"ID of the VPC created.","description_kind":"plain","computed":true}},"description_kind":"plain"}},"aviatrix_vpc_tracker":{"version":0,"block":{"attributes":{"account_name":{"type":"string","description":"Get VPCs that match the given access account name.","description_kind":"plain","optional":true},"cidr":{"type":"string","description":"Get VPCs that match the given CIDR.","description_kind":"plain","optional":true},"cloud_type":{"type":"number","description":"Get VPCs from a single cloud provider. For example, if cloud_type = 4, only GCP VPCs will be returned.","description_kind":"plain","optional":true},"id":{"type":"string","description_kind":"plain","optional":true,"computed":true},"region":{"type":"string","description":"Get VPCs that match the given region.","description_kind":"plain","optional":true},"vpc_list":{"type":["list",["object",{"account_name":"string","cidr":"string","cloud_type":"number","instance_count":"number","name":"string","region":"string","subnets":["list",["object",{"cidr":"string","gw_ip":"string","name":"string","region":"string"}]],"vpc_id":"string"}]],"description":"List of VPCs","description_kind":"plain","computed":true}},"description_kind":"plain"}}}}}}
