{"format_version":"0.1","provider_schemas":{"registry.terraform.io/ciscodevnet/mso":{"provider":{"version":0,"block":{"attributes":{"domain":{"type":"string","description":"Domain name for remote user authentication","description_kind":"plain","optional":true},"insecure":{"type":"bool","description":"Allow insecure HTTPS client","description_kind":"plain","optional":true},"password":{"type":"string","description":"Password for the MSO Account","description_kind":"plain","required":true},"proxy_url":{"type":"string","description":"Proxy Server URL with port number","description_kind":"plain","optional":true},"url":{"type":"string","description":"URL of the Cisco MSO web interface","description_kind":"plain","required":true},"username":{"type":"string","description":"Username for the MSO Account","description_kind":"plain","required":true}},"description_kind":"plain"}},"resource_schemas":{"mso_label":{"version":1,"block":{"attributes":{"id":{"type":"string","description_kind":"plain","optional":true,"computed":true},"label":{"type":"string","description_kind":"plain","required":true},"type":{"type":"string","description_kind":"plain","required":true}},"description_kind":"plain"}},"mso_rest":{"version":1,"block":{"attributes":{"id":{"type":"string","description_kind":"plain","optional":true,"computed":true},"method":{"type":"string","description_kind":"plain","optional":true,"computed":true},"path":{"type":"string","description_kind":"plain","required":true},"payload":{"type":"string","description_kind":"plain","required":true}},"description_kind":"plain"}},"mso_schema":{"version":1,"block":{"attributes":{"id":{"type":"string","description_kind":"plain","optional":true,"computed":true},"name":{"type":"string","description_kind":"plain","required":true},"template_name":{"type":"string","description_kind":"plain","required":true},"tenant_id":{"type":"string","description_kind":"plain","required":true}},"description_kind":"plain"}},"mso_schema_site":{"version":1,"block":{"attributes":{"id":{"type":"string","description_kind":"plain","optional":true,"computed":true},"schema_id":{"type":"string","description_kind":"plain","required":true},"site_id":{"type":"string","description_kind":"plain","required":true},"template_name":{"type":"string","description_kind":"plain","required":true}},"description_kind":"plain"}},"mso_schema_site_anp":{"version":1,"block":{"attributes":{"anp_name":{"type":"string","description_kind":"plain","required":true},"id":{"type":"string","description_kind":"plain","optional":true,"computed":true},"schema_id":{"type":"string","description_kind":"plain","required":true},"site_id":{"type":"string","description_kind":"plain","required":true},"template_name":{"type":"string","description_kind":"plain","required":true}},"description_kind":"plain"}},"mso_schema_site_anp_epg":{"version":1,"block":{"attributes":{"anp_name":{"type":"string","description_kind":"plain","required":true},"epg_name":{"type":"string","description_kind":"plain","required":true},"id":{"type":"string","description_kind":"plain","optional":true,"computed":true},"schema_id":{"type":"string","description_kind":"plain","required":true},"site_id":{"type":"string","description_kind":"plain","required":true},"template_name":{"type":"string","description_kind":"plain","required":true}},"description_kind":"plain"}},"mso_schema_site_anp_epg_domain":{"version":1,"block":{"attributes":{"allow_micro_segmentation":{"type":"bool","description_kind":"plain","optional":true,"computed":true},"anp_name":{"type":"string","description_kind":"plain","required":true},"deploy_immediacy":{"type":"string","description_kind":"plain","required":true},"dn":{"type":"string","description_kind":"plain","required":true},"domain_type":{"type":"string","description_kind":"plain","required":true},"enhanced_lag_policy_dn":{"type":"string","description_kind":"plain","optional":true,"computed":true},"enhanced_lag_policy_name":{"type":"string","description_kind":"plain","optional":true,"computed":true},"epg_name":{"type":"string","description_kind":"plain","required":true},"id":{"type":"string","description_kind":"plain","optional":true,"computed":true},"micro_seg_vlan":{"type":"number","description_kind":"plain","optional":true,"computed":true},"micro_seg_vlan_type":{"type":"string","description_kind":"plain","optional":true,"computed":true},"port_encap_vlan":{"type":"number","description_kind":"plain","optional":true,"computed":true},"port_encap_vlan_type":{"type":"string","description_kind":"plain","optional":true,"computed":true},"resolution_immediacy":{"type":"string","description_kind":"plain","required":true},"schema_id":{"type":"string","description_kind":"plain","required":true},"site_id":{"type":"string","description_kind":"plain","required":true},"switch_type":{"type":"string","description_kind":"plain","optional":true,"computed":true},"switching_mode":{"type":"string","description_kind":"plain","optional":true,"computed":true},"template_name":{"type":"string","description_kind":"plain","required":true},"vlan_encap_mode":{"type":"string","description_kind":"plain","optional":true,"computed":true}},"description_kind":"plain"}},"mso_schema_site_anp_epg_selector":{"version":0,"block":{"attributes":{"anp_name":{"type":"string","description_kind":"plain","required":true},"epg_name":{"type":"string","description_kind":"plain","required":true},"id":{"type":"string","description_kind":"plain","optional":true,"computed":true},"name":{"type":"string","description_kind":"plain","required":true},"schema_id":{"type":"string","description_kind":"plain","required":true},"site_id":{"type":"string","description_kind":"plain","required":true},"template_name":{"type":"string","description_kind":"plain","required":true}},"block_types":{"expressions":{"nesting_mode":"list","block":{"attributes":{"key":{"type":"string","description_kind":"plain","required":true},"operator":{"type":"string","description_kind":"plain","required":true},"value":{"type":"string","description_kind":"plain","optional":true,"computed":true}},"description_kind":"plain"}}},"description_kind":"plain"}},"mso_schema_site_anp_epg_static_leaf":{"version":1,"block":{"attributes":{"anp_name":{"type":"string","description_kind":"plain","required":true},"epg_name":{"type":"string","description_kind":"plain","required":true},"id":{"type":"string","description_kind":"plain","optional":true,"computed":true},"path":{"type":"string","description_kind":"plain","required":true},"port_encap_vlan":{"type":"number","description_kind":"plain","required":true},"schema_id":{"type":"string","description_kind":"plain","required":true},"site_id":{"type":"string","description_kind":"plain","required":true},"template_name":{"type":"string","description_kind":"plain","required":true}},"description_kind":"plain"}},"mso_schema_site_anp_epg_static_port":{"version":1,"block":{"attributes":{"anp_name":{"type":"string","description_kind":"plain","required":true},"deployment_immediacy":{"type":"string","description_kind":"plain","required":true},"epg_name":{"type":"string","description_kind":"plain","required":true},"fex":{"type":"string","description_kind":"plain","optional":true,"computed":true},"id":{"type":"string","description_kind":"plain","optional":true,"computed":true},"leaf":{"type":"string","description_kind":"plain","required":true},"micro_seg_vlan":{"type":"number","description_kind":"plain","optional":true,"computed":true},"mode":{"type":"string","description_kind":"plain","required":true},"path":{"type":"string","description_kind":"plain","required":true},"path_type":{"type":"string","description_kind":"plain","required":true},"pod":{"type":"string","description_kind":"plain","required":true},"schema_id":{"type":"string","description_kind":"plain","required":true},"site_id":{"type":"string","description_kind":"plain","required":true},"template_name":{"type":"string","description_kind":"plain","required":true},"vlan":{"type":"number","description_kind":"plain","required":true}},"description_kind":"plain"}},"mso_schema_site_anp_epg_subnet":{"version":1,"block":{"attributes":{"anp_name":{"type":"string","description_kind":"plain","required":true},"description":{"type":"string","description_kind":"plain","optional":true,"computed":true},"epg_name":{"type":"string","description_kind":"plain","required":true},"id":{"type":"string","description_kind":"plain","optional":true,"computed":true},"ip":{"type":"string","description_kind":"plain","required":true},"no_default_gateway":{"type":"bool","description_kind":"plain","optional":true,"computed":true},"querier":{"type":"bool","description_kind":"plain","optional":true,"computed":true},"schema_id":{"type":"string","description_kind":"plain","required":true},"scope":{"type":"string","description_kind":"plain","required":true},"shared":{"type":"bool","description_kind":"plain","required":true},"site_id":{"type":"string","description_kind":"plain","required":true},"template_name":{"type":"string","description_kind":"plain","required":true}},"description_kind":"plain"}},"mso_schema_site_bd":{"version":1,"block":{"attributes":{"bd_name":{"type":"string","description_kind":"plain","required":true},"host_route":{"type":"bool","description_kind":"plain","optional":true},"id":{"type":"string","description_kind":"plain","optional":true,"computed":true},"schema_id":{"type":"string","description_kind":"plain","required":true},"site_id":{"type":"string","description_kind":"plain","required":true},"template_name":{"type":"string","description_kind":"plain","required":true}},"description_kind":"plain"}},"mso_schema_site_bd_l3out":{"version":1,"block":{"attributes":{"bd_name":{"type":"string","description_kind":"plain","required":true},"id":{"type":"string","description_kind":"plain","optional":true,"computed":true},"l3out_name":{"type":"string","description_kind":"plain","required":true},"schema_id":{"type":"string","description_kind":"plain","required":true},"site_id":{"type":"string","description_kind":"plain","required":true},"template_name":{"type":"string","description_kind":"plain","required":true}},"description_kind":"plain"}},"mso_schema_site_bd_subnet":{"version":1,"block":{"attributes":{"bd_name":{"type":"string","description_kind":"plain","required":true},"description":{"type":"string","description_kind":"plain","optional":true,"computed":true},"id":{"type":"string","description_kind":"plain","optional":true,"computed":true},"ip":{"type":"string","description_kind":"plain","required":true},"no_default_gateway":{"type":"bool","description_kind":"plain","optional":true,"computed":true},"querier":{"type":"bool","description_kind":"plain","optional":true,"computed":true},"schema_id":{"type":"string","description_kind":"plain","required":true},"scope":{"type":"string","description_kind":"plain","optional":true},"shared":{"type":"bool","description_kind":"plain","optional":true},"site_id":{"type":"string","description_kind":"plain","required":true},"template_name":{"type":"string","description_kind":"plain","required":true}},"description_kind":"plain"}},"mso_schema_site_external_epg_selector":{"version":0,"block":{"attributes":{"external_epg_name":{"type":"string","description_kind":"plain","required":true},"id":{"type":"string","description_kind":"plain","optional":true,"computed":true},"ip":{"type":"string","description_kind":"plain","required":true},"name":{"type":"string","description_kind":"plain","required":true},"schema_id":{"type":"string","description_kind":"plain","required":true},"site_id":{"type":"string","description_kind":"plain","required":true},"template_name":{"type":"string","description_kind":"plain","required":true}},"description_kind":"plain"}},"mso_schema_site_service_graph_node":{"version":1,"block":{"attributes":{"id":{"type":"string","description_kind":"plain","optional":true,"computed":true},"schema_id":{"type":"string","description_kind":"plain","required":true},"service_graph_name":{"type":"string","description_kind":"plain","required":true},"service_node_type":{"type":"string","description_kind":"plain","required":true},"template_name":{"type":"string","description_kind":"plain","required":true}},"block_types":{"site_nodes":{"nesting_mode":"list","block":{"attributes":{"node_name":{"type":"string","description_kind":"plain","optional":true,"computed":true},"site_id":{"type":"string","description_kind":"plain","optional":true,"computed":true},"tenant_name":{"type":"string","description_kind":"plain","optional":true,"computed":true}},"description_kind":"plain"}}},"description_kind":"plain"}},"mso_schema_site_vrf":{"version":1,"block":{"attributes":{"id":{"type":"string","description_kind":"plain","optional":true,"computed":true},"schema_id":{"type":"string","description_kind":"plain","required":true},"site_id":{"type":"string","description_kind":"plain","required":true},"template_name":{"type":"string","description_kind":"plain","required":true},"vrf_name":{"type":"string","description_kind":"plain","required":true}},"description_kind":"plain"}},"mso_schema_site_vrf_region":{"version":1,"block":{"attributes":{"hub_network":{"type":["map","string"],"description_kind":"plain","optional":true,"computed":true},"hub_network_enable":{"type":"bool","description_kind":"plain","optional":true,"computed":true},"id":{"type":"string","description_kind":"plain","optional":true,"computed":true},"region_name":{"type":"string","description_kind":"plain","required":true},"schema_id":{"type":"string","description_kind":"plain","required":true},"site_id":{"type":"string","description_kind":"plain","required":true},"template_name":{"type":"string","description_kind":"plain","required":true},"vpn_gateway":{"type":"bool","description_kind":"plain","optional":true,"computed":true},"vrf_name":{"type":"string","description_kind":"plain","required":true}},"block_types":{"cidr":{"nesting_mode":"list","block":{"attributes":{"cidr_ip":{"type":"string","description_kind":"plain","required":true},"primary":{"type":"bool","description_kind":"plain","required":true}},"block_types":{"subnet":{"nesting_mode":"list","block":{"attributes":{"ip":{"type":"string","description_kind":"plain","required":true},"usage":{"type":"string","description_kind":"plain","optional":true,"computed":true},"zone":{"type":"string","description_kind":"plain","required":true}},"description_kind":"plain"},"min_items":1}},"description_kind":"plain"},"min_items":1}},"description_kind":"plain"}},"mso_schema_site_vrf_region_cidr":{"version":1,"block":{"attributes":{"id":{"type":"string","description_kind":"plain","optional":true,"computed":true},"ip":{"type":"string","description_kind":"plain","required":true},"primary":{"type":"bool","description_kind":"plain","required":true},"region_name":{"type":"string","description_kind":"plain","required":true},"schema_id":{"type":"string","description_kind":"plain","required":true},"site_id":{"type":"string","description_kind":"plain","required":true},"template_name":{"type":"string","description_kind":"plain","required":true},"vrf_name":{"type":"string","description_kind":"plain","required":true}},"description_kind":"plain"}},"mso_schema_site_vrf_region_cidr_subnet":{"version":1,"block":{"attributes":{"cidr_ip":{"type":"string","description_kind":"plain","required":true},"id":{"type":"string","description_kind":"plain","optional":true,"computed":true},"ip":{"type":"string","description_kind":"plain","required":true},"region_name":{"type":"string","description_kind":"plain","required":true},"schema_id":{"type":"string","description_kind":"plain","required":true},"site_id":{"type":"string","description_kind":"plain","required":true},"template_name":{"type":"string","description_kind":"plain","required":true},"usage":{"type":"string","description_kind":"plain","optional":true},"vrf_name":{"type":"string","description_kind":"plain","required":true},"zone":{"type":"string","description_kind":"plain","required":true}},"description_kind":"plain"}},"mso_schema_template":{"version":1,"block":{"attributes":{"display_name":{"type":"string","description_kind":"plain","required":true},"id":{"type":"string","description_kind":"plain","optional":true,"computed":true},"name":{"type":"string","description_kind":"plain","required":true},"schema_id":{"type":"string","description_kind":"plain","required":true},"tenant_id":{"type":"string","description_kind":"plain","required":true}},"description_kind":"plain"}},"mso_schema_template_anp":{"version":0,"block":{"attributes":{"display_name":{"type":"string","description_kind":"plain","required":true},"id":{"type":"string","description_kind":"plain","optional":true,"computed":true},"name":{"type":"string","description_kind":"plain","required":true},"schema_id":{"type":"string","description_kind":"plain","required":true},"template":{"type":"string","description_kind":"plain","required":true}},"description_kind":"plain"}},"mso_schema_template_anp_epg":{"version":1,"block":{"attributes":{"anp_name":{"type":"string","description_kind":"plain","required":true},"bd_name":{"type":"string","description_kind":"plain","required":true},"bd_schema_id":{"type":"string","description_kind":"plain","optional":true,"computed":true},"bd_template_name":{"type":"string","description_kind":"plain","optional":true,"computed":true},"display_name":{"type":"string","description_kind":"plain","optional":true,"computed":true},"id":{"type":"string","description_kind":"plain","optional":true,"computed":true},"intersite_multicast_source":{"type":"bool","description_kind":"plain","optional":true},"intra_epg":{"type":"string","description_kind":"plain","optional":true,"computed":true},"name":{"type":"string","description_kind":"plain","required":true},"preferred_group":{"type":"bool","description_kind":"plain","optional":true,"computed":true},"proxy_arp":{"type":"bool","description_kind":"plain","optional":true},"schema_id":{"type":"string","description_kind":"plain","required":true},"template_name":{"type":"string","description_kind":"plain","required":true},"useg_epg":{"type":"bool","description_kind":"plain","optional":true,"computed":true},"vrf_name":{"type":"string","description_kind":"plain","required":true},"vrf_schema_id":{"type":"string","description_kind":"plain","optional":true,"computed":true},"vrf_template_name":{"type":"string","description_kind":"plain","optional":true,"computed":true}},"description_kind":"plain"}},"mso_schema_template_anp_epg_contract":{"version":1,"block":{"attributes":{"anp_name":{"type":"string","description_kind":"plain","required":true},"contract_name":{"type":"string","description_kind":"plain","required":true},"contract_schema_id":{"type":"string","description_kind":"plain","optional":true,"computed":true},"contract_template_name":{"type":"string","description_kind":"plain","optional":true,"computed":true},"epg_name":{"type":"string","description_kind":"plain","required":true},"id":{"type":"string","description_kind":"plain","optional":true,"computed":true},"relationship_type":{"type":"string","description_kind":"plain","required":true},"schema_id":{"type":"string","description_kind":"plain","required":true},"template_name":{"type":"string","description_kind":"plain","required":true}},"description_kind":"plain"}},"mso_schema_template_anp_epg_selector":{"version":0,"block":{"attributes":{"anp_name":{"type":"string","description_kind":"plain","required":true},"epg_name":{"type":"string","description_kind":"plain","required":true},"id":{"type":"string","description_kind":"plain","optional":true,"computed":true},"name":{"type":"string","description_kind":"plain","required":true},"schema_id":{"type":"string","description_kind":"plain","required":true},"template_name":{"type":"string","description_kind":"plain","required":true}},"block_types":{"expressions":{"nesting_mode":"list","block":{"attributes":{"key":{"type":"string","description_kind":"plain","required":true},"operator":{"type":"string","description_kind":"plain","required":true},"value":{"type":"string","description_kind":"plain","optional":true,"computed":true}},"description_kind":"plain"}}},"description_kind":"plain"}},"mso_schema_template_anp_epg_subnet":{"version":0,"block":{"attributes":{"anp_name":{"type":"string","description_kind":"plain","required":true},"epg_name":{"type":"string","description_kind":"plain","required":true},"id":{"type":"string","description_kind":"plain","optional":true,"computed":true},"ip":{"type":"string","description_kind":"plain","required":true},"schema_id":{"type":"string","description_kind":"plain","required":true},"scope":{"type":"string","description_kind":"plain","optional":true},"shared":{"type":"bool","description_kind":"plain","optional":true},"template":{"type":"string","description_kind":"plain","required":true}},"description_kind":"plain"}},"mso_schema_template_anp_epg_useg_attr":{"version":0,"block":{"attributes":{"anp_name":{"type":"string","description_kind":"plain","required":true},"category":{"type":"string","description_kind":"plain","optional":true,"computed":true},"description":{"type":"string","description_kind":"plain","optional":true,"computed":true},"epg_name":{"type":"string","description_kind":"plain","required":true},"id":{"type":"string","description_kind":"plain","optional":true,"computed":true},"name":{"type":"string","description_kind":"plain","required":true},"operator":{"type":"string","description_kind":"plain","optional":true,"computed":true},"schema_id":{"type":"string","description_kind":"plain","required":true},"template_name":{"type":"string","description_kind":"plain","required":true},"useg_subnet":{"type":"bool","description_kind":"plain","optional":true,"computed":true},"useg_type":{"type":"string","description_kind":"plain","required":true},"value":{"type":"string","description_kind":"plain","required":true}},"description_kind":"plain"}},"mso_schema_template_bd":{"version":1,"block":{"attributes":{"dhcp_policy":{"type":["map","string"],"description_kind":"plain","optional":true,"computed":true},"display_name":{"type":"string","description_kind":"plain","required":true},"id":{"type":"string","description_kind":"plain","optional":true,"computed":true},"intersite_bum_traffic":{"type":"bool","description_kind":"plain","optional":true,"computed":true},"layer2_stretch":{"type":"bool","description_kind":"plain","optional":true,"computed":true},"layer2_unknown_unicast":{"type":"string","description_kind":"plain","optional":true,"computed":true},"layer3_multicast":{"type":"bool","description_kind":"plain","optional":true,"computed":true},"name":{"type":"string","description_kind":"plain","required":true},"optimize_wan_bandwidth":{"type":"bool","description_kind":"plain","optional":true,"computed":true},"schema_id":{"type":"string","description_kind":"plain","required":true},"template_name":{"type":"string","description_kind":"plain","required":true},"vrf_name":{"type":"string","description_kind":"plain","required":true},"vrf_schema_id":{"type":"string","description_kind":"plain","optional":true,"computed":true},"vrf_template_name":{"type":"string","description_kind":"plain","optional":true,"computed":true}},"description_kind":"plain"}},"mso_schema_template_bd_subnet":{"version":1,"block":{"attributes":{"bd_name":{"type":"string","description_kind":"plain","required":true},"description":{"type":"string","description_kind":"plain","optional":true,"computed":true},"id":{"type":"string","description_kind":"plain","optional":true,"computed":true},"ip":{"type":"string","description_kind":"plain","required":true},"no_default_gateway":{"type":"bool","description_kind":"plain","optional":true,"computed":true},"querier":{"type":"bool","description_kind":"plain","optional":true,"computed":true},"schema_id":{"type":"string","description_kind":"plain","required":true},"scope":{"type":"string","description_kind":"plain","required":true},"shared":{"type":"bool","description_kind":"plain","required":true},"template_name":{"type":"string","description_kind":"plain","required":true}},"description_kind":"plain"}},"mso_schema_template_contract":{"version":1,"block":{"attributes":{"contract_name":{"type":"string","description_kind":"plain","required":true},"directives":{"type":["list","string"],"description_kind":"plain","required":true},"display_name":{"type":"string","description_kind":"plain","optional":true,"computed":true},"filter_relationships":{"type":["map","string"],"description_kind":"plain","required":true},"filter_type":{"type":"string","description_kind":"plain","optional":true,"computed":true},"id":{"type":"string","description_kind":"plain","optional":true,"computed":true},"schema_id":{"type":"string","description_kind":"plain","required":true},"scope":{"type":"string","description_kind":"plain","optional":true,"computed":true},"template_name":{"type":"string","description_kind":"plain","required":true}},"description_kind":"plain"}},"mso_schema_template_contract_filter":{"version":1,"block":{"attributes":{"contract_name":{"type":"string","description_kind":"plain","required":true},"directives":{"type":["list","string"],"description_kind":"plain","required":true},"filter_name":{"type":"string","description_kind":"plain","required":true},"filter_schema_id":{"type":"string","description_kind":"plain","optional":true,"computed":true},"filter_template_name":{"type":"string","description_kind":"plain","optional":true,"computed":true},"filter_type":{"type":"string","description_kind":"plain","required":true},"id":{"type":"string","description_kind":"plain","optional":true,"computed":true},"schema_id":{"type":"string","description_kind":"plain","required":true},"template_name":{"type":"string","description_kind":"plain","required":true}},"description_kind":"plain"}},"mso_schema_template_contract_service_graph":{"version":0,"block":{"attributes":{"contract_name":{"type":"string","description_kind":"plain","required":true},"id":{"type":"string","description_kind":"plain","optional":true,"computed":true},"schema_id":{"type":"string","description_kind":"plain","required":true},"service_graph_name":{"type":"string","description_kind":"plain","required":true},"service_graph_schema_id":{"type":"string","description_kind":"plain","optional":true},"service_graph_site_id":{"type":"string","description_kind":"plain","optional":true},"service_graph_template_name":{"type":"string","description_kind":"plain","optional":true},"site_id":{"type":"string","description_kind":"plain","required":true},"template_name":{"type":"string","description_kind":"plain","required":true}},"block_types":{"node_relationship":{"nesting_mode":"list","block":{"attributes":{"consumer_connector_bd_name":{"type":"string","description_kind":"plain","required":true},"consumer_connector_bd_schema_id":{"type":"string","description_kind":"plain","optional":true},"consumer_connector_bd_template_name":{"type":"string","description_kind":"plain","optional":true},"consumer_connector_cluster_interface":{"type":"string","description_kind":"plain","required":true},"consumer_connector_redirect_policy":{"type":"string","description_kind":"plain","optional":true,"computed":true},"consumer_connector_redirect_policy_tenant":{"type":"string","description_kind":"plain","optional":true,"computed":true},"consumer_subnet_ips":{"type":["list","string"],"description_kind":"plain","optional":true,"computed":true},"provider_connector_bd_name":{"type":"string","description_kind":"plain","required":true},"provider_connector_bd_schema_id":{"type":"string","description_kind":"plain","optional":true},"provider_connector_bd_template_name":{"type":"string","description_kind":"plain","optional":true},"provider_connector_cluster_interface":{"type":"string","description_kind":"plain","required":true},"provider_connector_redirect_policy":{"type":"string","description_kind":"plain","optional":true,"computed":true},"provider_connector_redirect_policy_tenant":{"type":"string","description_kind":"plain","optional":true,"computed":true},"provider_subnet_ips":{"type":["list","string"],"description_kind":"plain","optional":true,"computed":true}},"description_kind":"plain"},"min_items":1}},"description_kind":"plain"}},"mso_schema_template_deploy":{"version":1,"block":{"attributes":{"id":{"type":"string","description_kind":"plain","optional":true,"computed":true},"schema_id":{"type":"string","description_kind":"plain","required":true},"site_id":{"type":"string","description_kind":"plain","optional":true,"computed":true},"template_name":{"type":"string","description_kind":"plain","required":true},"undeploy":{"type":"bool","description_kind":"plain","optional":true,"computed":true}},"description_kind":"plain"}},"mso_schema_template_external_epg":{"version":1,"block":{"attributes":{"anp_name":{"type":"string","description_kind":"plain","optional":true,"computed":true},"anp_schema_id":{"type":"string","description_kind":"plain","optional":true,"computed":true},"anp_template_name":{"type":"string","description_kind":"plain","optional":true,"computed":true},"display_name":{"type":"string","description_kind":"plain","required":true},"external_epg_name":{"type":"string","description_kind":"plain","required":true},"external_epg_type":{"type":"string","description_kind":"plain","optional":true,"computed":true},"id":{"type":"string","description_kind":"plain","optional":true,"computed":true},"include_in_preferred_group":{"type":"bool","description_kind":"plain","optional":true},"l3out_name":{"type":"string","description_kind":"plain","optional":true,"computed":true},"l3out_schema_id":{"type":"string","description_kind":"plain","optional":true,"computed":true},"l3out_template_name":{"type":"string","description_kind":"plain","optional":true,"computed":true},"schema_id":{"type":"string","description_kind":"plain","required":true},"selector_ip":{"type":"string","description_kind":"plain","optional":true,"computed":true},"selector_name":{"type":"string","description_kind":"plain","optional":true,"computed":true},"site_id":{"type":["list","string"],"description_kind":"plain","optional":true,"computed":true},"template_name":{"type":"string","description_kind":"plain","required":true},"vrf_name":{"type":"string","description_kind":"plain","required":true},"vrf_schema_id":{"type":"string","description_kind":"plain","optional":true,"computed":true},"vrf_template_name":{"type":"string","description_kind":"plain","optional":true,"computed":true}},"description_kind":"plain"}},"mso_schema_template_external_epg_contract":{"version":1,"block":{"attributes":{"contract_name":{"type":"string","description_kind":"plain","required":true},"contract_schema_id":{"type":"string","description_kind":"plain","optional":true,"computed":true},"contract_template_name":{"type":"string","description_kind":"plain","optional":true,"computed":true},"external_epg_name":{"type":"string","description_kind":"plain","required":true},"id":{"type":"string","description_kind":"plain","optional":true,"computed":true},"relationship_type":{"type":"string","description_kind":"plain","required":true},"schema_id":{"type":"string","description_kind":"plain","required":true},"template_name":{"type":"string","description_kind":"plain","required":true}},"description_kind":"plain"}},"mso_schema_template_external_epg_selector":{"version":0,"block":{"attributes":{"external_epg_name":{"type":"string","description_kind":"plain","required":true},"id":{"type":"string","description_kind":"plain","optional":true,"computed":true},"name":{"type":"string","description_kind":"plain","required":true},"schema_id":{"type":"string","description_kind":"plain","required":true},"template_name":{"type":"string","description_kind":"plain","required":true}},"block_types":{"expressions":{"nesting_mode":"list","block":{"attributes":{"key":{"type":"string","description_kind":"plain","optional":true,"computed":true},"operator":{"type":"string","description_kind":"plain","optional":true,"computed":true},"value":{"type":"string","description_kind":"plain","optional":true,"computed":true}},"description_kind":"plain"}}},"description_kind":"plain"}},"mso_schema_template_external_epg_subnet":{"version":1,"block":{"attributes":{"aggregate":{"type":["list","string"],"description_kind":"plain","optional":true,"computed":true},"external_epg_name":{"type":"string","description_kind":"plain","required":true},"id":{"type":"string","description_kind":"plain","optional":true,"computed":true},"ip":{"type":"string","description_kind":"plain","required":true},"name":{"type":"string","description_kind":"plain","optional":true},"schema_id":{"type":"string","description_kind":"plain","required":true},"scope":{"type":["list","string"],"description_kind":"plain","optional":true,"computed":true},"template_name":{"type":"string","description_kind":"plain","required":true}},"description_kind":"plain"}},"mso_schema_template_filter_entry":{"version":1,"block":{"attributes":{"arp_flag":{"type":"string","description_kind":"plain","optional":true,"computed":true},"destination_from":{"type":"string","description_kind":"plain","optional":true,"computed":true},"destination_to":{"type":"string","description_kind":"plain","optional":true,"computed":true},"display_name":{"type":"string","description_kind":"plain","required":true},"entry_description":{"type":"string","description_kind":"plain","optional":true,"computed":true},"entry_display_name":{"type":"string","description_kind":"plain","required":true},"entry_name":{"type":"string","description_kind":"plain","required":true},"ether_type":{"type":"string","description_kind":"plain","optional":true,"computed":true},"id":{"type":"string","description_kind":"plain","optional":true,"computed":true},"ip_protocol":{"type":"string","description_kind":"plain","optional":true,"computed":true},"match_only_fragments":{"type":"bool","description_kind":"plain","optional":true,"computed":true},"name":{"type":"string","description_kind":"plain","required":true},"schema_id":{"type":"string","description_kind":"plain","required":true},"source_from":{"type":"string","description_kind":"plain","optional":true,"computed":true},"source_to":{"type":"string","description_kind":"plain","optional":true,"computed":true},"stateful":{"type":"bool","description_kind":"plain","optional":true,"computed":true},"tcp_session_rules":{"type":["list","string"],"description_kind":"plain","optional":true,"computed":true},"template_name":{"type":"string","description_kind":"plain","required":true}},"description_kind":"plain"}},"mso_schema_template_l3out":{"version":1,"block":{"attributes":{"display_name":{"type":"string","description_kind":"plain","required":true},"id":{"type":"string","description_kind":"plain","optional":true,"computed":true},"l3out_name":{"type":"string","description_kind":"plain","required":true},"schema_id":{"type":"string","description_kind":"plain","required":true},"template_name":{"type":"string","description_kind":"plain","required":true},"vrf_name":{"type":"string","description_kind":"plain","required":true},"vrf_schema_id":{"type":"string","description_kind":"plain","optional":true,"computed":true},"vrf_template_name":{"type":"string","description_kind":"plain","optional":true,"computed":true}},"description_kind":"plain"}},"mso_schema_template_service_graph":{"version":1,"block":{"attributes":{"description":{"type":"string","description_kind":"plain","optional":true,"computed":true},"id":{"type":"string","description_kind":"plain","optional":true,"computed":true},"schema_id":{"type":"string","description_kind":"plain","required":true},"service_graph_name":{"type":"string","description_kind":"plain","required":true},"service_node_type":{"type":"string","description_kind":"plain","required":true},"template_name":{"type":"string","description_kind":"plain","required":true}},"block_types":{"site_nodes":{"nesting_mode":"list","block":{"attributes":{"node_name":{"type":"string","description_kind":"plain","optional":true,"computed":true},"site_id":{"type":"string","description_kind":"plain","optional":true,"computed":true},"tenant_name":{"type":"string","description_kind":"plain","optional":true,"computed":true}},"description_kind":"plain"}}},"description_kind":"plain"}},"mso_schema_template_vrf":{"version":0,"block":{"attributes":{"display_name":{"type":"string","description_kind":"plain","required":true},"id":{"type":"string","description_kind":"plain","optional":true,"computed":true},"layer3_multicast":{"type":"bool","description_kind":"plain","optional":true,"computed":true},"name":{"type":"string","description_kind":"plain","required":true},"schema_id":{"type":"string","description_kind":"plain","required":true},"template":{"type":"string","description_kind":"plain","required":true},"vzany":{"type":"bool","description_kind":"plain","optional":true,"computed":true}},"description_kind":"plain"}},"mso_schema_template_vrf_contract":{"version":1,"block":{"attributes":{"contract_name":{"type":"string","description_kind":"plain","required":true},"contract_schema_id":{"type":"string","description_kind":"plain","optional":true,"computed":true},"contract_template_name":{"type":"string","description_kind":"plain","optional":true,"computed":true},"id":{"type":"string","description_kind":"plain","optional":true,"computed":true},"relationship_type":{"type":"string","description_kind":"plain","required":true},"schema_id":{"type":"string","description_kind":"plain","required":true},"template_name":{"type":"string","description_kind":"plain","required":true},"vrf_name":{"type":"string","description_kind":"plain","required":true}},"description_kind":"plain"}},"mso_service_node_type":{"version":1,"block":{"attributes":{"display_name":{"type":"string","description_kind":"plain","optional":true,"computed":true},"id":{"type":"string","description_kind":"plain","optional":true,"computed":true},"name":{"type":"string","description_kind":"plain","required":true}},"description_kind":"plain"}},"mso_site":{"version":1,"block":{"attributes":{"apic_site_id":{"type":"string","description_kind":"plain","required":true},"cloud_providers":{"type":["list","string"],"description_kind":"plain","optional":true,"computed":true},"id":{"type":"string","description_kind":"plain","optional":true,"computed":true},"labels":{"type":["list","string"],"description_kind":"plain","optional":true,"computed":true},"location":{"type":["map","string"],"description_kind":"plain","optional":true},"login_domain":{"type":"string","description_kind":"plain","optional":true,"computed":true},"maintenance_mode":{"type":"bool","description_kind":"plain","optional":true},"name":{"type":"string","description_kind":"plain","required":true},"password":{"type":"string","description_kind":"plain","required":true},"platform":{"type":"string","description_kind":"plain","optional":true,"computed":true},"urls":{"type":["list","string"],"description_kind":"plain","required":true},"username":{"type":"string","description_kind":"plain","required":true}},"description_kind":"plain"}},"mso_tenant":{"version":1,"block":{"attributes":{"description":{"type":"string","description_kind":"plain","optional":true,"computed":true},"display_name":{"type":"string","description_kind":"plain","required":true},"id":{"type":"string","description_kind":"plain","optional":true,"computed":true},"name":{"type":"string","description_kind":"plain","required":true}},"block_types":{"site_associations":{"nesting_mode":"list","block":{"attributes":{"aws_access_key_id":{"type":"string","description_kind":"plain","optional":true,"computed":true},"aws_account_id":{"type":"string","description_kind":"plain","optional":true,"computed":true},"aws_secret_key":{"type":"string","description_kind":"plain","optional":true,"computed":true},"azure_access_type":{"type":"string","description_kind":"plain","optional":true,"computed":true},"azure_active_directory_id":{"type":"string","description_kind":"plain","optional":true,"computed":true},"azure_application_id":{"type":"string","description_kind":"plain","optional":true,"computed":true},"azure_client_secret":{"type":"string","description_kind":"plain","optional":true,"computed":true},"azure_subscription_id":{"type":"string","description_kind":"plain","optional":true,"computed":true},"is_aws_account_trusted":{"type":"bool","description_kind":"plain","optional":true,"computed":true},"security_domains":{"type":["list","string"],"description_kind":"plain","optional":true},"site_id":{"type":"string","description_kind":"plain","optional":true},"vendor":{"type":"string","description_kind":"plain","optional":true,"computed":true}},"description_kind":"plain"}},"user_associations":{"nesting_mode":"set","block":{"attributes":{"user_id":{"type":"string","description_kind":"plain","optional":true}},"description_kind":"plain"}}},"description_kind":"plain"}},"mso_user":{"version":1,"block":{"attributes":{"account_status":{"type":"string","description_kind":"plain","optional":true},"domain":{"type":"string","description_kind":"plain","optional":true},"email":{"type":"string","description_kind":"plain","optional":true},"first_name":{"type":"string","description_kind":"plain","optional":true},"id":{"type":"string","description_kind":"plain","optional":true,"computed":true},"last_name":{"type":"string","description_kind":"plain","optional":true},"phone":{"type":"string","description_kind":"plain","optional":true},"user_password":{"type":"string","description_kind":"plain","required":true},"username":{"type":"string","description_kind":"plain","required":true}},"block_types":{"roles":{"nesting_mode":"set","block":{"attributes":{"access_type":{"type":"string","description_kind":"plain","optional":true},"roleid":{"type":"string","description_kind":"plain","required":true}},"description_kind":"plain"},"min_items":1}},"description_kind":"plain"}}},"data_source_schemas":{"mso_label":{"version":1,"block":{"attributes":{"id":{"type":"string","description_kind":"plain","optional":true,"computed":true},"label":{"type":"string","description_kind":"plain","required":true},"type":{"type":"string","description_kind":"plain","optional":true}},"description_kind":"plain"}},"mso_role":{"version":0,"block":{"attributes":{"description":{"type":"string","description_kind":"plain","optional":true,"computed":true},"display_name":{"type":"string","description_kind":"plain","optional":true},"id":{"type":"string","description_kind":"plain","optional":true,"computed":true},"name":{"type":"string","description_kind":"plain","required":true},"read_permissions":{"type":["list","string"],"description_kind":"plain","optional":true,"computed":true},"write_permissions":{"type":["list","string"],"description_kind":"plain","optional":true,"computed":true}},"description_kind":"plain"}},"mso_schema":{"version":1,"block":{"attributes":{"id":{"type":"string","description_kind":"plain","optional":true,"computed":true},"name":{"type":"string","description_kind":"plain","required":true},"template_name":{"type":"string","description_kind":"plain","optional":true},"tenant_id":{"type":"string","description_kind":"plain","optional":true}},"description_kind":"plain"}},"mso_schema_site":{"version":1,"block":{"attributes":{"id":{"type":"string","description_kind":"plain","optional":true,"computed":true},"name":{"type":"string","description_kind":"plain","required":true},"schema_id":{"type":"string","description_kind":"plain","required":true},"site_id":{"type":"string","description_kind":"plain","optional":true},"template_name":{"type":"string","description_kind":"plain","optional":true}},"description_kind":"plain"}},"mso_schema_site_anp":{"version":1,"block":{"attributes":{"anp_name":{"type":"string","description_kind":"plain","required":true},"id":{"type":"string","description_kind":"plain","optional":true,"computed":true},"schema_id":{"type":"string","description_kind":"plain","required":true},"site_id":{"type":"string","description_kind":"plain","required":true},"template_name":{"type":"string","description_kind":"plain","optional":true,"computed":true}},"description_kind":"plain"}},"mso_schema_site_anp_epg":{"version":1,"block":{"attributes":{"anp_name":{"type":"string","description_kind":"plain","required":true},"epg_name":{"type":"string","description_kind":"plain","required":true},"id":{"type":"string","description_kind":"plain","optional":true,"computed":true},"schema_id":{"type":"string","description_kind":"plain","required":true},"site_id":{"type":"string","description_kind":"plain","required":true},"template_name":{"type":"string","description_kind":"plain","optional":true,"computed":true}},"description_kind":"plain"}},"mso_schema_site_anp_epg_domain":{"version":1,"block":{"attributes":{"allow_micro_segmentation":{"type":"bool","description_kind":"plain","optional":true,"computed":true},"anp_name":{"type":"string","description_kind":"plain","required":true},"deployment_immediacy":{"type":"string","description_kind":"plain","optional":true},"dn":{"type":"string","description_kind":"plain","required":true},"domain_type":{"type":"string","description_kind":"plain","required":true},"enhanced_lag_policy_dn":{"type":"string","description_kind":"plain","optional":true,"computed":true},"enhanced_lag_policy_name":{"type":"string","description_kind":"plain","optional":true,"computed":true},"epg_name":{"type":"string","description_kind":"plain","required":true},"id":{"type":"string","description_kind":"plain","optional":true,"computed":true},"micro_seg_vlan":{"type":"number","description_kind":"plain","optional":true,"computed":true},"micro_seg_vlan_type":{"type":"string","description_kind":"plain","optional":true,"computed":true},"port_encap_vlan":{"type":"number","description_kind":"plain","optional":true,"computed":true},"port_encap_vlan_type":{"type":"string","description_kind":"plain","optional":true,"computed":true},"resolution_immediacy":{"type":"string","description_kind":"plain","optional":true,"computed":true},"schema_id":{"type":"string","description_kind":"plain","required":true},"site_id":{"type":"string","description_kind":"plain","required":true},"switch_type":{"type":"string","description_kind":"plain","optional":true,"computed":true},"switching_mode":{"type":"string","description_kind":"plain","optional":true,"computed":true},"template_name":{"type":"string","description_kind":"plain","optional":true},"vlan_encap_mode":{"type":"string","description_kind":"plain","optional":true,"computed":true}},"description_kind":"plain"}},"mso_schema_site_anp_epg_selector":{"version":0,"block":{"attributes":{"anp_name":{"type":"string","description_kind":"plain","required":true},"epg_name":{"type":"string","description_kind":"plain","required":true},"id":{"type":"string","description_kind":"plain","optional":true,"computed":true},"name":{"type":"string","description_kind":"plain","required":true},"schema_id":{"type":"string","description_kind":"plain","required":true},"site_id":{"type":"string","description_kind":"plain","required":true},"template_name":{"type":"string","description_kind":"plain","required":true}},"block_types":{"expressions":{"nesting_mode":"list","block":{"attributes":{"key":{"type":"string","description_kind":"plain","required":true},"operator":{"type":"string","description_kind":"plain","required":true},"value":{"type":"string","description_kind":"plain","optional":true,"computed":true}},"description_kind":"plain"}}},"description_kind":"plain"}},"mso_schema_site_anp_epg_static_leaf":{"version":1,"block":{"attributes":{"anp_name":{"type":"string","description_kind":"plain","required":true},"epg_name":{"type":"string","description_kind":"plain","required":true},"id":{"type":"string","description_kind":"plain","optional":true,"computed":true},"path":{"type":"string","description_kind":"plain","required":true},"port_encap_vlan":{"type":"number","description_kind":"plain","optional":true},"schema_id":{"type":"string","description_kind":"plain","required":true},"site_id":{"type":"string","description_kind":"plain","required":true},"template_name":{"type":"string","description_kind":"plain","optional":true,"computed":true}},"description_kind":"plain"}},"mso_schema_site_anp_epg_static_port":{"version":1,"block":{"attributes":{"anp_name":{"type":"string","description_kind":"plain","required":true},"deployment_immediacy":{"type":"string","description_kind":"plain","optional":true,"computed":true},"epg_name":{"type":"string","description_kind":"plain","required":true},"fex":{"type":"string","description_kind":"plain","optional":true,"computed":true},"id":{"type":"string","description_kind":"plain","optional":true,"computed":true},"leaf":{"type":"string","description_kind":"plain","required":true},"micro_seg_vlan":{"type":"number","description_kind":"plain","optional":true,"computed":true},"mode":{"type":"string","description_kind":"plain","optional":true,"computed":true},"path":{"type":"string","description_kind":"plain","required":true},"path_type":{"type":"string","description_kind":"plain","required":true},"pod":{"type":"string","description_kind":"plain","required":true},"schema_id":{"type":"string","description_kind":"plain","required":true},"site_id":{"type":"string","description_kind":"plain","required":true},"template_name":{"type":"string","description_kind":"plain","required":true},"vlan":{"type":"number","description_kind":"plain","optional":true,"computed":true}},"description_kind":"plain"}},"mso_schema_site_anp_epg_subnet":{"version":1,"block":{"attributes":{"anp_name":{"type":"string","description_kind":"plain","required":true},"description":{"type":"string","description_kind":"plain","optional":true,"computed":true},"epg_name":{"type":"string","description_kind":"plain","required":true},"id":{"type":"string","description_kind":"plain","optional":true,"computed":true},"ip":{"type":"string","description_kind":"plain","required":true},"no_default_gateway":{"type":"bool","description_kind":"plain","optional":true,"computed":true},"querier":{"type":"bool","description_kind":"plain","optional":true,"computed":true},"schema_id":{"type":"string","description_kind":"plain","required":true},"scope":{"type":"string","description_kind":"plain","optional":true,"computed":true},"shared":{"type":"bool","description_kind":"plain","optional":true,"computed":true},"site_id":{"type":"string","description_kind":"plain","required":true},"template_name":{"type":"string","description_kind":"plain","required":true}},"description_kind":"plain"}},"mso_schema_site_bd":{"version":1,"block":{"attributes":{"bd_name":{"type":"string","description_kind":"plain","required":true},"host_route":{"type":"bool","description_kind":"plain","optional":true},"id":{"type":"string","description_kind":"plain","optional":true,"computed":true},"schema_id":{"type":"string","description_kind":"plain","required":true},"site_id":{"type":"string","description_kind":"plain","required":true},"template_name":{"type":"string","description_kind":"plain","optional":true,"computed":true}},"description_kind":"plain"}},"mso_schema_site_bd_l3out":{"version":1,"block":{"attributes":{"bd_name":{"type":"string","description_kind":"plain","required":true},"id":{"type":"string","description_kind":"plain","optional":true,"computed":true},"l3out_name":{"type":"string","description_kind":"plain","required":true},"schema_id":{"type":"string","description_kind":"plain","required":true},"site_id":{"type":"string","description_kind":"plain","required":true},"template_name":{"type":"string","description_kind":"plain","optional":true}},"description_kind":"plain"}},"mso_schema_site_bd_subnet":{"version":1,"block":{"attributes":{"bd_name":{"type":"string","description_kind":"plain","required":true},"description":{"type":"string","description_kind":"plain","optional":true,"computed":true},"id":{"type":"string","description_kind":"plain","optional":true,"computed":true},"ip":{"type":"string","description_kind":"plain","required":true},"no_default_gateway":{"type":"bool","description_kind":"plain","optional":true,"computed":true},"querier":{"type":"bool","description_kind":"plain","optional":true,"computed":true},"schema_id":{"type":"string","description_kind":"plain","required":true},"scope":{"type":"string","description_kind":"plain","optional":true},"shared":{"type":"bool","description_kind":"plain","optional":true},"site_id":{"type":"string","description_kind":"plain","required":true},"template_name":{"type":"string","description_kind":"plain","optional":true}},"description_kind":"plain"}},"mso_schema_site_external_epg_selector":{"version":0,"block":{"attributes":{"external_epg_name":{"type":"string","description_kind":"plain","required":true},"id":{"type":"string","description_kind":"plain","optional":true,"computed":true},"ip":{"type":"string","description_kind":"plain","optional":true,"computed":true},"name":{"type":"string","description_kind":"plain","required":true},"schema_id":{"type":"string","description_kind":"plain","required":true},"site_id":{"type":"string","description_kind":"plain","required":true},"template_name":{"type":"string","description_kind":"plain","required":true}},"description_kind":"plain"}},"mso_schema_site_vrf":{"version":1,"block":{"attributes":{"id":{"type":"string","description_kind":"plain","optional":true,"computed":true},"schema_id":{"type":"string","description_kind":"plain","required":true},"site_id":{"type":"string","description_kind":"plain","required":true},"template_name":{"type":"string","description_kind":"plain","optional":true},"vrf_name":{"type":"string","description_kind":"plain","required":true}},"description_kind":"plain"}},"mso_schema_site_vrf_region":{"version":1,"block":{"attributes":{"hub_network":{"type":["map","string"],"description_kind":"plain","optional":true,"computed":true},"hub_network_enable":{"type":"bool","description_kind":"plain","optional":true,"computed":true},"id":{"type":"string","description_kind":"plain","optional":true,"computed":true},"region_name":{"type":"string","description_kind":"plain","required":true},"schema_id":{"type":"string","description_kind":"plain","required":true},"site_id":{"type":"string","description_kind":"plain","required":true},"template_name":{"type":"string","description_kind":"plain","optional":true},"vpn_gateway":{"type":"bool","description_kind":"plain","optional":true,"computed":true},"vrf_name":{"type":"string","description_kind":"plain","required":true}},"block_types":{"cidr":{"nesting_mode":"list","block":{"attributes":{"cidr_ip":{"type":"string","description_kind":"plain","optional":true,"computed":true},"primary":{"type":"bool","description_kind":"plain","optional":true,"computed":true}},"block_types":{"subnet":{"nesting_mode":"list","block":{"attributes":{"ip":{"type":"string","description_kind":"plain","optional":true,"computed":true},"usage":{"type":"string","description_kind":"plain","optional":true,"computed":true},"zone":{"type":"string","description_kind":"plain","optional":true,"computed":true}},"description_kind":"plain"}}},"description_kind":"plain"}}},"description_kind":"plain"}},"mso_schema_site_vrf_region_cidr":{"version":1,"block":{"attributes":{"id":{"type":"string","description_kind":"plain","optional":true,"computed":true},"ip":{"type":"string","description_kind":"plain","required":true},"primary":{"type":"bool","description_kind":"plain","optional":true},"region_name":{"type":"string","description_kind":"plain","required":true},"schema_id":{"type":"string","description_kind":"plain","required":true},"site_id":{"type":"string","description_kind":"plain","required":true},"template_name":{"type":"string","description_kind":"plain","optional":true},"vrf_name":{"type":"string","description_kind":"plain","required":true}},"description_kind":"plain"}},"mso_schema_site_vrf_region_cidr_subnet":{"version":1,"block":{"attributes":{"cidr_ip":{"type":"string","description_kind":"plain","required":true},"id":{"type":"string","description_kind":"plain","optional":true,"computed":true},"ip":{"type":"string","description_kind":"plain","required":true},"region_name":{"type":"string","description_kind":"plain","required":true},"schema_id":{"type":"string","description_kind":"plain","required":true},"site_id":{"type":"string","description_kind":"plain","required":true},"template_name":{"type":"string","description_kind":"plain","optional":true},"usage":{"type":"string","description_kind":"plain","optional":true},"vrf_name":{"type":"string","description_kind":"plain","required":true},"zone":{"type":"string","description_kind":"plain","optional":true}},"description_kind":"plain"}},"mso_schema_template":{"version":1,"block":{"attributes":{"display_name":{"type":"string","description_kind":"plain","optional":true},"id":{"type":"string","description_kind":"plain","optional":true,"computed":true},"name":{"type":"string","description_kind":"plain","required":true},"schema_id":{"type":"string","description_kind":"plain","required":true},"tenant_id":{"type":"string","description_kind":"plain","optional":true}},"description_kind":"plain"}},"mso_schema_template_anp":{"version":0,"block":{"attributes":{"display_name":{"type":"string","description_kind":"plain","optional":true},"id":{"type":"string","description_kind":"plain","optional":true,"computed":true},"name":{"type":"string","description_kind":"plain","required":true},"schema_id":{"type":"string","description_kind":"plain","required":true},"template":{"type":"string","description_kind":"plain","required":true}},"description_kind":"plain"}},"mso_schema_template_anp_epg":{"version":1,"block":{"attributes":{"anp_name":{"type":"string","description_kind":"plain","required":true},"bd_name":{"type":"string","description_kind":"plain","optional":true,"computed":true},"bd_schema_id":{"type":"string","description_kind":"plain","optional":true,"computed":true},"bd_template_name":{"type":"string","description_kind":"plain","optional":true,"computed":true},"display_name":{"type":"string","description_kind":"plain","optional":true,"computed":true},"id":{"type":"string","description_kind":"plain","optional":true,"computed":true},"intersite_multicast_source":{"type":"bool","description_kind":"plain","optional":true,"computed":true},"intra_epg":{"type":"string","description_kind":"plain","optional":true,"computed":true},"name":{"type":"string","description_kind":"plain","required":true},"preferred_group":{"type":"bool","description_kind":"plain","optional":true,"computed":true},"proxy_arp":{"type":"bool","description_kind":"plain","optional":true,"computed":true},"schema_id":{"type":"string","description_kind":"plain","required":true},"template_name":{"type":"string","description_kind":"plain","required":true},"useg_epg":{"type":"bool","description_kind":"plain","optional":true,"computed":true},"vrf_name":{"type":"string","description_kind":"plain","optional":true,"computed":true},"vrf_schema_id":{"type":"string","description_kind":"plain","optional":true,"computed":true},"vrf_template_name":{"type":"string","description_kind":"plain","optional":true,"computed":true}},"description_kind":"plain"}},"mso_schema_template_anp_epg_contract":{"version":1,"block":{"attributes":{"anp_name":{"type":"string","description_kind":"plain","required":true},"contract_name":{"type":"string","description_kind":"plain","required":true},"contract_schema_id":{"type":"string","description_kind":"plain","optional":true,"computed":true},"contract_template_name":{"type":"string","description_kind":"plain","optional":true,"computed":true},"epg_name":{"type":"string","description_kind":"plain","required":true},"id":{"type":"string","description_kind":"plain","optional":true,"computed":true},"relationship_type":{"type":"string","description_kind":"plain","optional":true,"computed":true},"schema_id":{"type":"string","description_kind":"plain","required":true},"template_name":{"type":"string","description_kind":"plain","required":true}},"description_kind":"plain"}},"mso_schema_template_anp_epg_selector":{"version":0,"block":{"attributes":{"anp_name":{"type":"string","description_kind":"plain","required":true},"epg_name":{"type":"string","description_kind":"plain","required":true},"id":{"type":"string","description_kind":"plain","optional":true,"computed":true},"name":{"type":"string","description_kind":"plain","required":true},"schema_id":{"type":"string","description_kind":"plain","required":true},"template_name":{"type":"string","description_kind":"plain","required":true}},"block_types":{"expressions":{"nesting_mode":"list","block":{"attributes":{"key":{"type":"string","description_kind":"plain","optional":true,"computed":true},"operator":{"type":"string","description_kind":"plain","optional":true,"computed":true},"value":{"type":"string","description_kind":"plain","optional":true,"computed":true}},"description_kind":"plain"}}},"description_kind":"plain"}},"mso_schema_template_anp_epg_subnet":{"version":0,"block":{"attributes":{"anp_name":{"type":"string","description_kind":"plain","required":true},"epg_name":{"type":"string","description_kind":"plain","required":true},"id":{"type":"string","description_kind":"plain","optional":true,"computed":true},"ip":{"type":"string","description_kind":"plain","required":true},"schema_id":{"type":"string","description_kind":"plain","required":true},"scope":{"type":"string","description_kind":"plain","optional":true},"shared":{"type":"bool","description_kind":"plain","optional":true},"template":{"type":"string","description_kind":"plain","required":true}},"description_kind":"plain"}},"mso_schema_template_anp_epg_useg_attr":{"version":0,"block":{"attributes":{"anp_name":{"type":"string","description_kind":"plain","required":true},"category":{"type":"string","description_kind":"plain","optional":true,"computed":true},"description":{"type":"string","description_kind":"plain","optional":true,"computed":true},"epg_name":{"type":"string","description_kind":"plain","required":true},"id":{"type":"string","description_kind":"plain","optional":true,"computed":true},"name":{"type":"string","description_kind":"plain","required":true},"operator":{"type":"string","description_kind":"plain","optional":true,"computed":true},"schema_id":{"type":"string","description_kind":"plain","required":true},"template_name":{"type":"string","description_kind":"plain","required":true},"useg_subnet":{"type":"bool","description_kind":"plain","optional":true,"computed":true},"useg_type":{"type":"string","description_kind":"plain","optional":true,"computed":true},"value":{"type":"string","description_kind":"plain","optional":true,"computed":true}},"description_kind":"plain"}},"mso_schema_template_bd":{"version":1,"block":{"attributes":{"dhcp_policy":{"type":["map","string"],"description_kind":"plain","optional":true,"computed":true},"display_name":{"type":"string","description_kind":"plain","optional":true,"computed":true},"id":{"type":"string","description_kind":"plain","optional":true,"computed":true},"intersite_bum_traffic":{"type":"bool","description_kind":"plain","optional":true,"computed":true},"layer2_stretch":{"type":"bool","description_kind":"plain","optional":true,"computed":true},"layer2_unknown_unicast":{"type":"string","description_kind":"plain","optional":true,"computed":true},"layer3_multicast":{"type":"bool","description_kind":"plain","optional":true,"computed":true},"name":{"type":"string","description_kind":"plain","required":true},"optimize_wan_bandwidth":{"type":"bool","description_kind":"plain","optional":true,"computed":true},"schema_id":{"type":"string","description_kind":"plain","required":true},"template_name":{"type":"string","description_kind":"plain","required":true},"vrf_name":{"type":"string","description_kind":"plain","optional":true,"computed":true},"vrf_schema_id":{"type":"string","description_kind":"plain","optional":true,"computed":true},"vrf_template_name":{"type":"string","description_kind":"plain","optional":true,"computed":true}},"description_kind":"plain"}},"mso_schema_template_bd_subnet":{"version":1,"block":{"attributes":{"bd_name":{"type":"string","description_kind":"plain","required":true},"description":{"type":"string","description_kind":"plain","optional":true,"computed":true},"id":{"type":"string","description_kind":"plain","optional":true,"computed":true},"ip":{"type":"string","description_kind":"plain","required":true},"no_default_gateway":{"type":"bool","description_kind":"plain","optional":true,"computed":true},"querier":{"type":"bool","description_kind":"plain","optional":true,"computed":true},"schema_id":{"type":"string","description_kind":"plain","required":true},"scope":{"type":"string","description_kind":"plain","optional":true,"computed":true},"shared":{"type":"bool","description_kind":"plain","optional":true,"computed":true},"template_name":{"type":"string","description_kind":"plain","required":true}},"description_kind":"plain"}},"mso_schema_template_contract":{"version":1,"block":{"attributes":{"contract_name":{"type":"string","description_kind":"plain","required":true},"directives":{"type":["list","string"],"description_kind":"plain","optional":true,"computed":true},"display_name":{"type":"string","description_kind":"plain","optional":true,"computed":true},"filter_relationships":{"type":["map","string"],"description_kind":"plain","optional":true,"computed":true},"filter_type":{"type":"string","description_kind":"plain","optional":true,"computed":true},"id":{"type":"string","description_kind":"plain","optional":true,"computed":true},"schema_id":{"type":"string","description_kind":"plain","required":true},"scope":{"type":"string","description_kind":"plain","optional":true,"computed":true},"template_name":{"type":"string","description_kind":"plain","required":true}},"description_kind":"plain"}},"mso_schema_template_contract_filter":{"version":1,"block":{"attributes":{"contract_name":{"type":"string","description_kind":"plain","required":true},"directives":{"type":["list","string"],"description_kind":"plain","optional":true},"filter_name":{"type":"string","description_kind":"plain","required":true},"filter_schema_id":{"type":"string","description_kind":"plain","required":true},"filter_template_name":{"type":"string","description_kind":"plain","required":true},"filter_type":{"type":"string","description_kind":"plain","required":true},"id":{"type":"string","description_kind":"plain","optional":true,"computed":true},"schema_id":{"type":"string","description_kind":"plain","required":true},"template_name":{"type":"string","description_kind":"plain","required":true}},"description_kind":"plain"}},"mso_schema_template_contract_service_graph":{"version":0,"block":{"attributes":{"contract_name":{"type":"string","description_kind":"plain","required":true},"id":{"type":"string","description_kind":"plain","optional":true,"computed":true},"schema_id":{"type":"string","description_kind":"plain","required":true},"service_graph_name":{"type":"string","description_kind":"plain","required":true},"site_id":{"type":"string","description_kind":"plain","required":true},"template_name":{"type":"string","description_kind":"plain","required":true}},"block_types":{"node_relationship":{"nesting_mode":"list","block":{"attributes":{"consumer_connector_bd_name":{"type":"string","description_kind":"plain","optional":true,"computed":true},"consumer_connector_cluster_interface":{"type":"string","description_kind":"plain","optional":true,"computed":true},"consumer_connector_redirect_policy":{"type":"string","description_kind":"plain","optional":true,"computed":true},"consumer_connector_redirect_policy_tenant":{"type":"string","description_kind":"plain","optional":true,"computed":true},"consumer_subnet_ips":{"type":["list","string"],"description_kind":"plain","optional":true,"computed":true},"provider_connector_bd_name":{"type":"string","description_kind":"plain","optional":true,"computed":true},"provider_connector_cluster_interface":{"type":"string","description_kind":"plain","optional":true,"computed":true},"provider_connector_redirect_policy":{"type":"string","description_kind":"plain","optional":true,"computed":true},"provider_connector_redirect_policy_tenant":{"type":"string","description_kind":"plain","optional":true,"computed":true},"provider_subnet_ips":{"type":["list","string"],"description_kind":"plain","optional":true,"computed":true}},"description_kind":"plain"}}},"description_kind":"plain"}},"mso_schema_template_external_epg":{"version":1,"block":{"attributes":{"anp_name":{"type":"string","description_kind":"plain","optional":true,"computed":true},"anp_schema_id":{"type":"string","description_kind":"plain","optional":true,"computed":true},"anp_template_name":{"type":"string","description_kind":"plain","optional":true,"computed":true},"display_name":{"type":"string","description_kind":"plain","optional":true},"external_epg_name":{"type":"string","description_kind":"plain","required":true},"external_epg_type":{"type":"string","description_kind":"plain","optional":true,"computed":true},"id":{"type":"string","description_kind":"plain","optional":true,"computed":true},"schema_id":{"type":"string","description_kind":"plain","required":true},"selector_ip":{"type":"string","description_kind":"plain","optional":true,"computed":true},"selector_name":{"type":"string","description_kind":"plain","optional":true,"computed":true},"site_id":{"type":["list","string"],"description_kind":"plain","optional":true,"computed":true},"template_name":{"type":"string","description_kind":"plain","required":true},"vrf_name":{"type":"string","description_kind":"plain","optional":true},"vrf_schema_id":{"type":"string","description_kind":"plain","optional":true,"computed":true},"vrf_template_name":{"type":"string","description_kind":"plain","optional":true,"computed":true}},"description_kind":"plain"}},"mso_schema_template_external_epg_contract":{"version":1,"block":{"attributes":{"contract_name":{"type":"string","description_kind":"plain","required":true},"contract_schema_id":{"type":"string","description_kind":"plain","optional":true,"computed":true},"contract_template_name":{"type":"string","description_kind":"plain","optional":true,"computed":true},"external_epg_name":{"type":"string","description_kind":"plain","required":true},"id":{"type":"string","description_kind":"plain","optional":true,"computed":true},"relationship_type":{"type":"string","description_kind":"plain","optional":true},"schema_id":{"type":"string","description_kind":"plain","required":true},"template_name":{"type":"string","description_kind":"plain","required":true}},"description_kind":"plain"}},"mso_schema_template_external_epg_selector":{"version":0,"block":{"attributes":{"external_epg_name":{"type":"string","description_kind":"plain","required":true},"id":{"type":"string","description_kind":"plain","optional":true,"computed":true},"name":{"type":"string","description_kind":"plain","required":true},"schema_id":{"type":"string","description_kind":"plain","required":true},"template_name":{"type":"string","description_kind":"plain","required":true}},"block_types":{"expressions":{"nesting_mode":"list","block":{"attributes":{"key":{"type":"string","description_kind":"plain","optional":true,"computed":true},"operator":{"type":"string","description_kind":"plain","optional":true,"computed":true},"value":{"type":"string","description_kind":"plain","optional":true,"computed":true}},"description_kind":"plain"}}},"description_kind":"plain"}},"mso_schema_template_external_epg_subnet":{"version":1,"block":{"attributes":{"aggregate":{"type":["list","string"],"description_kind":"plain","optional":true,"computed":true},"external_epg_name":{"type":"string","description_kind":"plain","required":true},"id":{"type":"string","description_kind":"plain","optional":true,"computed":true},"ip":{"type":"string","description_kind":"plain","required":true},"name":{"type":"string","description_kind":"plain","optional":true},"schema_id":{"type":"string","description_kind":"plain","required":true},"scope":{"type":["list","string"],"description_kind":"plain","optional":true,"computed":true},"template_name":{"type":"string","description_kind":"plain","required":true}},"description_kind":"plain"}},"mso_schema_template_filter_entry":{"version":1,"block":{"attributes":{"arp_flag":{"type":"string","description_kind":"plain","optional":true,"computed":true},"destination_from":{"type":"string","description_kind":"plain","optional":true,"computed":true},"destination_to":{"type":"string","description_kind":"plain","optional":true,"computed":true},"display_name":{"type":"string","description_kind":"plain","optional":true,"computed":true},"entry_description":{"type":"string","description_kind":"plain","optional":true,"computed":true},"entry_display_name":{"type":"string","description_kind":"plain","optional":true,"computed":true},"entry_name":{"type":"string","description_kind":"plain","required":true},"ether_type":{"type":"string","description_kind":"plain","optional":true,"computed":true},"id":{"type":"string","description_kind":"plain","optional":true,"computed":true},"ip_protocol":{"type":"string","description_kind":"plain","optional":true,"computed":true},"match_only_fragments":{"type":"bool","description_kind":"plain","optional":true,"computed":true},"name":{"type":"string","description_kind":"plain","required":true},"schema_id":{"type":"string","description_kind":"plain","required":true},"source_from":{"type":"string","description_kind":"plain","optional":true,"computed":true},"source_to":{"type":"string","description_kind":"plain","optional":true,"computed":true},"stateful":{"type":"bool","description_kind":"plain","optional":true,"computed":true},"tcp_session_rules":{"type":["list","string"],"description_kind":"plain","optional":true,"computed":true},"template_name":{"type":"string","description_kind":"plain","required":true}},"description_kind":"plain"}},"mso_schema_template_l3out":{"version":1,"block":{"attributes":{"display_name":{"type":"string","description_kind":"plain","optional":true},"id":{"type":"string","description_kind":"plain","optional":true,"computed":true},"l3out_name":{"type":"string","description_kind":"plain","required":true},"schema_id":{"type":"string","description_kind":"plain","required":true},"template_name":{"type":"string","description_kind":"plain","required":true},"vrf_name":{"type":"string","description_kind":"plain","optional":true},"vrf_schema_id":{"type":"string","description_kind":"plain","optional":true,"computed":true},"vrf_template_name":{"type":"string","description_kind":"plain","optional":true,"computed":true}},"description_kind":"plain"}},"mso_schema_template_service_graph":{"version":1,"block":{"attributes":{"id":{"type":"string","description_kind":"plain","optional":true,"computed":true},"node_index":{"type":"number","description_kind":"plain","required":true},"schema_id":{"type":"string","description_kind":"plain","required":true},"service_graph_name":{"type":"string","description_kind":"plain","required":true},"service_node_type":{"type":"string","description_kind":"plain","optional":true,"computed":true},"template_name":{"type":"string","description_kind":"plain","required":true}},"block_types":{"site_nodes":{"nesting_mode":"list","block":{"attributes":{"node_name":{"type":"string","description_kind":"plain","optional":true,"computed":true},"site_id":{"type":"string","description_kind":"plain","optional":true,"computed":true},"tenant_name":{"type":"string","description_kind":"plain","optional":true,"computed":true}},"description_kind":"plain"}}},"description_kind":"plain"}},"mso_schema_template_vrf":{"version":0,"block":{"attributes":{"display_name":{"type":"string","description_kind":"plain","optional":true},"id":{"type":"string","description_kind":"plain","optional":true,"computed":true},"layer3_multicast":{"type":"bool","description_kind":"plain","optional":true},"name":{"type":"string","description_kind":"plain","required":true},"schema_id":{"type":"string","description_kind":"plain","required":true},"template":{"type":"string","description_kind":"plain","required":true},"vzany":{"type":"bool","description_kind":"plain","optional":true}},"description_kind":"plain"}},"mso_schema_template_vrf_contract":{"version":1,"block":{"attributes":{"contract_name":{"type":"string","description_kind":"plain","required":true},"contract_schema_id":{"type":"string","description_kind":"plain","optional":true,"computed":true},"contract_template_name":{"type":"string","description_kind":"plain","optional":true,"computed":true},"id":{"type":"string","description_kind":"plain","optional":true,"computed":true},"relationship_type":{"type":"string","description_kind":"plain","required":true},"schema_id":{"type":"string","description_kind":"plain","required":true},"template_name":{"type":"string","description_kind":"plain","required":true},"vrf_name":{"type":"string","description_kind":"plain","required":true}},"description_kind":"plain"}},"mso_service_node_type":{"version":1,"block":{"attributes":{"display_name":{"type":"string","description_kind":"plain","optional":true,"computed":true},"id":{"type":"string","description_kind":"plain","optional":true,"computed":true},"name":{"type":"string","description_kind":"plain","required":true}},"description_kind":"plain"}},"mso_site":{"version":1,"block":{"attributes":{"apic_site_id":{"type":"string","description_kind":"plain","optional":true},"cloud_providers":{"type":["list","string"],"description_kind":"plain","optional":true,"computed":true},"id":{"type":"string","description_kind":"plain","optional":true,"computed":true},"labels":{"type":["list","string"],"description_kind":"plain","optional":true,"computed":true},"location":{"type":["map","string"],"description_kind":"plain","optional":true},"name":{"type":"string","description_kind":"plain","required":true},"password":{"type":"string","description_kind":"plain","optional":true},"urls":{"type":["list","string"],"description_kind":"plain","optional":true,"computed":true},"username":{"type":"string","description_kind":"plain","optional":true}},"description_kind":"plain"}},"mso_tenant":{"version":1,"block":{"attributes":{"description":{"type":"string","description_kind":"plain","optional":true,"computed":true},"display_name":{"type":"string","description_kind":"plain","required":true},"id":{"type":"string","description_kind":"plain","optional":true,"computed":true},"name":{"type":"string","description_kind":"plain","required":true}},"block_types":{"site_associations":{"nesting_mode":"set","block":{"attributes":{"security_domains":{"type":["list","string"],"description_kind":"plain","optional":true},"site_id":{"type":"string","description_kind":"plain","optional":true}},"description_kind":"plain"}},"user_associations":{"nesting_mode":"set","block":{"attributes":{"user_id":{"type":"string","description_kind":"plain","optional":true}},"description_kind":"plain"}}},"description_kind":"plain"}},"mso_user":{"version":1,"block":{"attributes":{"account_status":{"type":"string","description_kind":"plain","optional":true},"domain":{"type":"string","description_kind":"plain","optional":true},"email":{"type":"string","description_kind":"plain","optional":true},"first_name":{"type":"string","description_kind":"plain","optional":true},"id":{"type":"string","description_kind":"plain","optional":true,"computed":true},"last_name":{"type":"string","description_kind":"plain","optional":true},"phone":{"type":"string","description_kind":"plain","optional":true},"user_password":{"type":"string","description_kind":"plain","optional":true},"username":{"type":"string","description_kind":"plain","required":true}},"block_types":{"roles":{"nesting_mode":"set","block":{"attributes":{"access_type":{"type":"string","description_kind":"plain","optional":true},"roleid":{"type":"string","description_kind":"plain","required":true}},"description_kind":"plain"}}},"description_kind":"plain"}}}}}}
