{"format_version":"0.1","provider_schemas":{"registry.terraform.io/hashicorp/opc":{"provider":{"version":0,"block":{"attributes":{"endpoint":{"type":"string","description":"The HTTP endpoint for OPC API operations.","description_kind":"plain","optional":true},"identity_domain":{"type":"string","description":"The OPC identity domain for API operations","description_kind":"plain","required":true},"insecure":{"type":"bool","description":"Skip TLS Verification for self-signed certificates. Should only be used if absolutely required.","description_kind":"plain","optional":true},"lbaas_endpoint":{"type":"string","description":"The HTTP endpoint for the Load Balancer Classic service.","description_kind":"plain","optional":true},"max_retries":{"type":"number","description":"Maximum number retries to wait for a successful response when operating on resources within OPC (defaults to 1)","description_kind":"plain","optional":true},"password":{"type":"string","description":"The user password for OPC API operations.","description_kind":"plain","required":true},"storage_endpoint":{"type":"string","description":"The HTTP endpoint for Oracle Storage operations.","description_kind":"plain","optional":true},"storage_service_id":{"type":"string","description":"The Storage Service ID. ","description_kind":"plain","optional":true},"user":{"type":"string","description":"The user name for OPC API operations.","description_kind":"plain","required":true}},"description_kind":"plain"}},"resource_schemas":{"opc_compute_acl":{"version":0,"block":{"attributes":{"description":{"type":"string","description_kind":"plain","optional":true},"enabled":{"type":"bool","description_kind":"plain","optional":true},"id":{"type":"string","description_kind":"plain","optional":true,"computed":true},"name":{"type":"string","description_kind":"plain","required":true},"tags":{"type":["list","string"],"description_kind":"plain","optional":true},"uri":{"type":"string","description_kind":"plain","computed":true}},"description_kind":"plain"}},"opc_compute_image_list":{"version":0,"block":{"attributes":{"default":{"type":"number","description_kind":"plain","optional":true},"description":{"type":"string","description_kind":"plain","required":true},"id":{"type":"string","description_kind":"plain","optional":true,"computed":true},"name":{"type":"string","description_kind":"plain","required":true}},"description_kind":"plain"}},"opc_compute_image_list_entry":{"version":0,"block":{"attributes":{"attributes":{"type":"string","description_kind":"plain","optional":true},"id":{"type":"string","description_kind":"plain","optional":true,"computed":true},"machine_images":{"type":["list","string"],"description_kind":"plain","required":true},"name":{"type":"string","description_kind":"plain","required":true},"uri":{"type":"string","description_kind":"plain","computed":true},"version":{"type":"number","description_kind":"plain","required":true}},"description_kind":"plain"}},"opc_compute_instance":{"version":0,"block":{"attributes":{"attributes":{"type":"string","description_kind":"plain","computed":true},"availability_domain":{"type":"string","description_kind":"plain","computed":true},"boot_order":{"type":["list","number"],"description_kind":"plain","optional":true},"desired_state":{"type":"string","description_kind":"plain","optional":true},"domain":{"type":"string","description_kind":"plain","computed":true},"entry":{"type":"number","description_kind":"plain","computed":true},"fingerprint":{"type":"string","description_kind":"plain","computed":true},"fqdn":{"type":"string","description_kind":"plain","computed":true},"hostname":{"type":"string","description_kind":"plain","optional":true,"computed":true},"id":{"type":"string","description_kind":"plain","optional":true,"computed":true},"image_format":{"type":"string","description_kind":"plain","computed":true},"image_list":{"type":"string","description_kind":"plain","optional":true},"instance_attributes":{"type":"string","description_kind":"plain","optional":true},"ip_address":{"type":"string","description_kind":"plain","computed":true},"label":{"type":"string","description_kind":"plain","optional":true,"computed":true},"name":{"type":"string","description_kind":"plain","required":true},"placement_requirements":{"type":["list","string"],"description_kind":"plain","computed":true},"platform":{"type":"string","description_kind":"plain","computed":true},"priority":{"type":"string","description_kind":"plain","computed":true},"quota_reservation":{"type":"string","description_kind":"plain","computed":true},"relationships":{"type":["list","string"],"description_kind":"plain","computed":true},"resolvers":{"type":["list","string"],"description_kind":"plain","computed":true},"reverse_dns":{"type":"bool","description_kind":"plain","optional":true},"shape":{"type":"string","description_kind":"plain","required":true},"site":{"type":"string","description_kind":"plain","computed":true},"ssh_keys":{"type":["list","string"],"description_kind":"plain","optional":true},"start_time":{"type":"string","description_kind":"plain","computed":true},"state":{"type":"string","description_kind":"plain","computed":true},"tags":{"type":["list","string"],"description_kind":"plain","optional":true},"vcable":{"type":"string","description_kind":"plain","computed":true},"virtio":{"type":"bool","description_kind":"plain","computed":true},"vnc_address":{"type":"string","description_kind":"plain","computed":true}},"block_types":{"networking_info":{"nesting_mode":"set","block":{"attributes":{"dns":{"type":["list","string"],"description_kind":"plain","optional":true,"computed":true},"index":{"type":"number","description_kind":"plain","required":true},"ip_address":{"type":"string","description_kind":"plain","optional":true},"ip_network":{"type":"string","description_kind":"plain","optional":true},"is_default_gateway":{"type":"bool","description_kind":"plain","optional":true},"mac_address":{"type":"string","description_kind":"plain","optional":true,"computed":true},"name_servers":{"type":["list","string"],"description_kind":"plain","optional":true},"nat":{"type":["list","string"],"description_kind":"plain","optional":true},"search_domains":{"type":["list","string"],"description_kind":"plain","optional":true},"sec_lists":{"type":["list","string"],"description_kind":"plain","optional":true,"computed":true},"shared_network":{"type":"bool","description_kind":"plain","optional":true},"vnic":{"type":"string","description_kind":"plain","optional":true},"vnic_sets":{"type":["list","string"],"description_kind":"plain","optional":true}},"description_kind":"plain"}},"storage":{"nesting_mode":"set","block":{"attributes":{"index":{"type":"number","description_kind":"plain","required":true},"name":{"type":"string","description_kind":"plain","computed":true},"volume":{"type":"string","description_kind":"plain","required":true}},"description_kind":"plain"}},"timeouts":{"nesting_mode":"single","block":{"attributes":{"create":{"type":"string","description_kind":"plain","optional":true},"delete":{"type":"string","description_kind":"plain","optional":true},"update":{"type":"string","description_kind":"plain","optional":true}},"description_kind":"plain"}}},"description_kind":"plain"}},"opc_compute_ip_address_association":{"version":0,"block":{"attributes":{"description":{"type":"string","description_kind":"plain","optional":true},"id":{"type":"string","description_kind":"plain","optional":true,"computed":true},"ip_address_reservation":{"type":"string","description_kind":"plain","optional":true},"name":{"type":"string","description_kind":"plain","required":true},"tags":{"type":["list","string"],"description_kind":"plain","optional":true},"uri":{"type":"string","description_kind":"plain","computed":true},"vnic":{"type":"string","description_kind":"plain","optional":true}},"description_kind":"plain"}},"opc_compute_ip_address_prefix_set":{"version":0,"block":{"attributes":{"description":{"type":"string","description_kind":"plain","optional":true},"id":{"type":"string","description_kind":"plain","optional":true,"computed":true},"name":{"type":"string","description_kind":"plain","required":true},"prefixes":{"type":["list","string"],"description_kind":"plain","optional":true},"tags":{"type":["list","string"],"description_kind":"plain","optional":true},"uri":{"type":"string","description_kind":"plain","computed":true}},"description_kind":"plain"}},"opc_compute_ip_address_reservation":{"version":0,"block":{"attributes":{"description":{"type":"string","description_kind":"plain","optional":true},"id":{"type":"string","description_kind":"plain","optional":true,"computed":true},"ip_address":{"type":"string","description_kind":"plain","computed":true},"ip_address_pool":{"type":"string","description_kind":"plain","required":true},"name":{"type":"string","description_kind":"plain","required":true},"tags":{"type":["list","string"],"description_kind":"plain","optional":true},"uri":{"type":"string","description_kind":"plain","computed":true}},"description_kind":"plain"}},"opc_compute_ip_association":{"version":0,"block":{"attributes":{"id":{"type":"string","description_kind":"plain","optional":true,"computed":true},"name":{"type":"string","description_kind":"plain","optional":true,"computed":true},"parent_pool":{"type":"string","description_kind":"plain","required":true},"vcable":{"type":"string","description_kind":"plain","required":true}},"description_kind":"plain"}},"opc_compute_ip_network":{"version":0,"block":{"attributes":{"description":{"type":"string","description_kind":"plain","optional":true},"id":{"type":"string","description_kind":"plain","optional":true,"computed":true},"ip_address_prefix":{"type":"string","description_kind":"plain","required":true},"ip_network_exchange":{"type":"string","description_kind":"plain","optional":true},"name":{"type":"string","description_kind":"plain","required":true},"public_napt_enabled":{"type":"bool","description_kind":"plain","optional":true},"tags":{"type":["list","string"],"description_kind":"plain","optional":true},"uri":{"type":"string","description_kind":"plain","computed":true}},"description_kind":"plain"}},"opc_compute_ip_network_exchange":{"version":0,"block":{"attributes":{"description":{"type":"string","description_kind":"plain","optional":true},"id":{"type":"string","description_kind":"plain","optional":true,"computed":true},"name":{"type":"string","description_kind":"plain","required":true},"tags":{"type":["list","string"],"description_kind":"plain","optional":true},"uri":{"type":"string","description_kind":"plain","computed":true}},"description_kind":"plain"}},"opc_compute_ip_reservation":{"version":0,"block":{"attributes":{"id":{"type":"string","description_kind":"plain","optional":true,"computed":true},"ip":{"type":"string","description_kind":"plain","computed":true},"name":{"type":"string","description_kind":"plain","optional":true,"computed":true},"parent_pool":{"type":"string","description_kind":"plain","optional":true},"permanent":{"type":"bool","description_kind":"plain","required":true},"tags":{"type":["list","string"],"description_kind":"plain","optional":true},"used":{"type":"bool","description_kind":"plain","computed":true}},"description_kind":"plain"}},"opc_compute_machine_image":{"version":0,"block":{"attributes":{"account":{"type":"string","description_kind":"plain","required":true},"attributes":{"type":"string","description_kind":"plain","optional":true},"description":{"type":"string","description_kind":"plain","optional":true},"error_reason":{"type":"string","description_kind":"plain","computed":true},"file":{"type":"string","description_kind":"plain","required":true},"hypervisor":{"type":["map","string"],"description_kind":"plain","computed":true},"id":{"type":"string","description_kind":"plain","optional":true,"computed":true},"image_format":{"type":"string","description_kind":"plain","computed":true},"name":{"type":"string","description_kind":"plain","required":true},"no_upload":{"type":"bool","description_kind":"plain","computed":true},"platform":{"type":"string","description_kind":"plain","computed":true},"state":{"type":"string","description_kind":"plain","computed":true},"uri":{"type":"string","description_kind":"plain","computed":true}},"description_kind":"plain"}},"opc_compute_orchestrated_instance":{"version":0,"block":{"attributes":{"description":{"type":"string","description_kind":"plain","optional":true},"desired_state":{"type":"string","description_kind":"plain","required":true},"id":{"type":"string","description_kind":"plain","optional":true,"computed":true},"name":{"type":"string","description_kind":"plain","required":true},"tags":{"type":["list","string"],"description_kind":"plain","optional":true},"version":{"type":"number","description_kind":"plain","computed":true}},"block_types":{"instance":{"nesting_mode":"list","block":{"attributes":{"attributes":{"type":"string","description_kind":"plain","computed":true},"availability_domain":{"type":"string","description_kind":"plain","computed":true},"boot_order":{"type":["list","number"],"description_kind":"plain","optional":true},"domain":{"type":"string","description_kind":"plain","computed":true},"entry":{"type":"number","description_kind":"plain","computed":true},"fingerprint":{"type":"string","description_kind":"plain","computed":true},"fqdn":{"type":"string","description_kind":"plain","computed":true},"hostname":{"type":"string","description_kind":"plain","optional":true,"computed":true},"id":{"type":"string","description_kind":"plain","computed":true},"image_format":{"type":"string","description_kind":"plain","computed":true},"image_list":{"type":"string","description_kind":"plain","optional":true},"instance_attributes":{"type":"string","description_kind":"plain","optional":true,"computed":true},"ip_address":{"type":"string","description_kind":"plain","computed":true},"label":{"type":"string","description_kind":"plain","optional":true,"computed":true},"name":{"type":"string","description_kind":"plain","required":true},"persistent":{"type":"bool","description_kind":"plain","optional":true},"placement_requirements":{"type":["list","string"],"description_kind":"plain","computed":true},"platform":{"type":"string","description_kind":"plain","computed":true},"priority":{"type":"string","description_kind":"plain","computed":true},"quota_reservation":{"type":"string","description_kind":"plain","computed":true},"relationships":{"type":["list","string"],"description_kind":"plain","computed":true},"resolvers":{"type":["list","string"],"description_kind":"plain","computed":true},"reverse_dns":{"type":"bool","description_kind":"plain","optional":true},"shape":{"type":"string","description_kind":"plain","required":true},"site":{"type":"string","description_kind":"plain","computed":true},"ssh_keys":{"type":["list","string"],"description_kind":"plain","optional":true},"start_time":{"type":"string","description_kind":"plain","computed":true},"state":{"type":"string","description_kind":"plain","computed":true},"tags":{"type":["list","string"],"description_kind":"plain","optional":true},"vcable":{"type":"string","description_kind":"plain","computed":true},"virtio":{"type":"bool","description_kind":"plain","computed":true},"vnc_address":{"type":"string","description_kind":"plain","computed":true}},"block_types":{"networking_info":{"nesting_mode":"list","block":{"attributes":{"dns":{"type":["list","string"],"description_kind":"plain","optional":true,"computed":true},"index":{"type":"number","description_kind":"plain","required":true},"ip_address":{"type":"string","description_kind":"plain","optional":true},"ip_network":{"type":"string","description_kind":"plain","optional":true},"is_default_gateway":{"type":"bool","description_kind":"plain","optional":true},"mac_address":{"type":"string","description_kind":"plain","optional":true,"computed":true},"name_servers":{"type":["list","string"],"description_kind":"plain","optional":true},"nat":{"type":["list","string"],"description_kind":"plain","optional":true},"search_domains":{"type":["list","string"],"description_kind":"plain","optional":true},"sec_lists":{"type":["list","string"],"description_kind":"plain","optional":true,"computed":true},"shared_network":{"type":"bool","description_kind":"plain","optional":true},"vnic":{"type":"string","description_kind":"plain","optional":true},"vnic_sets":{"type":["list","string"],"description_kind":"plain","optional":true}},"description_kind":"plain"}},"storage":{"nesting_mode":"list","block":{"attributes":{"index":{"type":"number","description_kind":"plain","required":true},"name":{"type":"string","description_kind":"plain","computed":true},"volume":{"type":"string","description_kind":"plain","required":true}},"description_kind":"plain"}}},"description_kind":"plain"},"min_items":1},"timeouts":{"nesting_mode":"single","block":{"attributes":{"create":{"type":"string","description_kind":"plain","optional":true},"delete":{"type":"string","description_kind":"plain","optional":true},"update":{"type":"string","description_kind":"plain","optional":true}},"description_kind":"plain"}}},"description_kind":"plain"}},"opc_compute_route":{"version":0,"block":{"attributes":{"admin_distance":{"type":"number","description_kind":"plain","optional":true},"description":{"type":"string","description_kind":"plain","optional":true},"id":{"type":"string","description_kind":"plain","optional":true,"computed":true},"ip_address_prefix":{"type":"string","description_kind":"plain","required":true},"name":{"type":"string","description_kind":"plain","required":true},"next_hop_vnic_set":{"type":"string","description_kind":"plain","required":true},"tags":{"type":["list","string"],"description_kind":"plain","optional":true}},"description_kind":"plain"}},"opc_compute_sec_rule":{"version":0,"block":{"attributes":{"action":{"type":"string","description_kind":"plain","required":true},"application":{"type":"string","description_kind":"plain","required":true},"description":{"type":"string","description_kind":"plain","optional":true},"destination_list":{"type":"string","description_kind":"plain","required":true},"disabled":{"type":"bool","description_kind":"plain","optional":true},"id":{"type":"string","description_kind":"plain","optional":true,"computed":true},"name":{"type":"string","description_kind":"plain","required":true},"source_list":{"type":"string","description_kind":"plain","required":true}},"description_kind":"plain"}},"opc_compute_security_application":{"version":0,"block":{"attributes":{"description":{"type":"string","description_kind":"plain","optional":true},"dport":{"type":"string","description_kind":"plain","optional":true},"icmpcode":{"type":"string","description_kind":"plain","optional":true},"icmptype":{"type":"string","description_kind":"plain","optional":true},"id":{"type":"string","description_kind":"plain","optional":true,"computed":true},"name":{"type":"string","description_kind":"plain","required":true},"protocol":{"type":"string","description_kind":"plain","required":true}},"description_kind":"plain"}},"opc_compute_security_association":{"version":0,"block":{"attributes":{"id":{"type":"string","description_kind":"plain","optional":true,"computed":true},"name":{"type":"string","description_kind":"plain","optional":true,"computed":true},"seclist":{"type":"string","description_kind":"plain","required":true},"vcable":{"type":"string","description_kind":"plain","required":true}},"description_kind":"plain"}},"opc_compute_security_ip_list":{"version":0,"block":{"attributes":{"description":{"type":"string","description_kind":"plain","optional":true},"id":{"type":"string","description_kind":"plain","optional":true,"computed":true},"ip_entries":{"type":["list","string"],"description_kind":"plain","required":true},"name":{"type":"string","description_kind":"plain","required":true}},"description_kind":"plain"}},"opc_compute_security_list":{"version":0,"block":{"attributes":{"description":{"type":"string","description_kind":"plain","optional":true},"id":{"type":"string","description_kind":"plain","optional":true,"computed":true},"name":{"type":"string","description_kind":"plain","required":true},"outbound_cidr_policy":{"type":"string","description_kind":"plain","optional":true},"policy":{"type":"string","description_kind":"plain","optional":true}},"description_kind":"plain"}},"opc_compute_security_protocol":{"version":0,"block":{"attributes":{"description":{"type":"string","description_kind":"plain","optional":true},"dst_ports":{"type":["list","string"],"description_kind":"plain","optional":true},"id":{"type":"string","description_kind":"plain","optional":true,"computed":true},"ip_protocol":{"type":"string","description_kind":"plain","optional":true},"name":{"type":"string","description_kind":"plain","required":true},"src_ports":{"type":["list","string"],"description_kind":"plain","optional":true},"tags":{"type":["list","string"],"description_kind":"plain","optional":true},"uri":{"type":"string","description_kind":"plain","computed":true}},"description_kind":"plain"}},"opc_compute_security_rule":{"version":0,"block":{"attributes":{"acl":{"type":"string","description_kind":"plain","optional":true},"description":{"type":"string","description_kind":"plain","optional":true},"dst_ip_address_prefixes":{"type":["list","string"],"description_kind":"plain","optional":true},"dst_vnic_set":{"type":"string","description_kind":"plain","optional":true},"enabled":{"type":"bool","description_kind":"plain","optional":true},"flow_direction":{"type":"string","description_kind":"plain","required":true},"id":{"type":"string","description_kind":"plain","optional":true,"computed":true},"name":{"type":"string","description_kind":"plain","required":true},"security_protocols":{"type":["list","string"],"description_kind":"plain","optional":true},"src_ip_address_prefixes":{"type":["list","string"],"description_kind":"plain","optional":true},"src_vnic_set":{"type":"string","description_kind":"plain","optional":true},"tags":{"type":["list","string"],"description_kind":"plain","optional":true},"uri":{"type":"string","description_kind":"plain","computed":true}},"description_kind":"plain"}},"opc_compute_snapshot":{"version":0,"block":{"attributes":{"account":{"type":"string","description_kind":"plain","optional":true,"computed":true},"creation_time":{"type":"string","description_kind":"plain","computed":true},"id":{"type":"string","description_kind":"plain","optional":true,"computed":true},"instance":{"type":"string","description_kind":"plain","required":true},"machine_image":{"type":"string","description_kind":"plain","optional":true,"computed":true},"name":{"type":"string","description_kind":"plain","computed":true},"uri":{"type":"string","description_kind":"plain","computed":true}},"block_types":{"timeouts":{"nesting_mode":"single","block":{"attributes":{"create":{"type":"string","description_kind":"plain","optional":true},"delete":{"type":"string","description_kind":"plain","optional":true}},"description_kind":"plain"}}},"description_kind":"plain"}},"opc_compute_ssh_key":{"version":0,"block":{"attributes":{"enabled":{"type":"bool","description_kind":"plain","optional":true},"id":{"type":"string","description_kind":"plain","optional":true,"computed":true},"key":{"type":"string","description_kind":"plain","required":true},"name":{"type":"string","description_kind":"plain","required":true}},"description_kind":"plain"}},"opc_compute_storage_attachment":{"version":0,"block":{"attributes":{"id":{"type":"string","description_kind":"plain","optional":true,"computed":true},"index":{"type":"number","description_kind":"plain","required":true},"instance":{"type":"string","description_kind":"plain","required":true},"storage_volume":{"type":"string","description_kind":"plain","required":true}},"block_types":{"timeouts":{"nesting_mode":"single","block":{"attributes":{"create":{"type":"string","description_kind":"plain","optional":true},"delete":{"type":"string","description_kind":"plain","optional":true}},"description_kind":"plain"}}},"description_kind":"plain"}},"opc_compute_storage_volume":{"version":0,"block":{"attributes":{"bootable":{"type":"bool","description_kind":"plain","optional":true},"description":{"type":"string","description_kind":"plain","optional":true},"hypervisor":{"type":"string","description_kind":"plain","optional":true,"computed":true},"id":{"type":"string","description_kind":"plain","optional":true,"computed":true},"image_list":{"type":"string","description_kind":"plain","optional":true},"image_list_entry":{"type":"number","description_kind":"plain","optional":true},"machine_image":{"type":"string","description_kind":"plain","optional":true,"computed":true},"managed":{"type":"bool","description_kind":"plain","optional":true,"computed":true},"name":{"type":"string","description_kind":"plain","required":true},"platform":{"type":"string","description_kind":"plain","optional":true,"computed":true},"readonly":{"type":"bool","description_kind":"plain","optional":true,"computed":true},"size":{"type":"number","description_kind":"plain","required":true},"snapshot":{"type":"string","description_kind":"plain","optional":true,"computed":true},"snapshot_account":{"type":"string","description_kind":"plain","optional":true,"computed":true},"snapshot_id":{"type":"string","description_kind":"plain","optional":true,"computed":true},"status":{"type":"string","description_kind":"plain","optional":true,"computed":true},"storage_pool":{"type":"string","description_kind":"plain","optional":true,"computed":true},"storage_type":{"type":"string","description_kind":"plain","optional":true},"tags":{"type":["list","string"],"description_kind":"plain","optional":true},"uri":{"type":"string","description_kind":"plain","optional":true,"computed":true}},"block_types":{"timeouts":{"nesting_mode":"single","block":{"attributes":{"create":{"type":"string","description_kind":"plain","optional":true},"delete":{"type":"string","description_kind":"plain","optional":true},"update":{"type":"string","description_kind":"plain","optional":true}},"description_kind":"plain"}}},"description_kind":"plain"}},"opc_compute_storage_volume_snapshot":{"version":0,"block":{"attributes":{"account":{"type":"string","description_kind":"plain","computed":true},"collocated":{"type":"bool","description_kind":"plain","optional":true},"description":{"type":"string","description_kind":"plain","optional":true},"id":{"type":"string","description_kind":"plain","optional":true,"computed":true},"machine_image_name":{"type":"string","description_kind":"plain","computed":true},"name":{"type":"string","description_kind":"plain","optional":true,"computed":true},"parent_volume_bootable":{"type":"bool","description_kind":"plain","optional":true},"platform":{"type":"string","description_kind":"plain","computed":true},"property":{"type":"string","description_kind":"plain","computed":true},"size":{"type":"string","description_kind":"plain","computed":true},"snapshot_id":{"type":"string","description_kind":"plain","computed":true},"snapshot_timestamp":{"type":"string","description_kind":"plain","computed":true},"start_timestamp":{"type":"string","description_kind":"plain","computed":true},"status":{"type":"string","description_kind":"plain","computed":true},"status_detail":{"type":"string","description_kind":"plain","computed":true},"status_timestamp":{"type":"string","description_kind":"plain","computed":true},"tags":{"type":["list","string"],"description_kind":"plain","optional":true},"uri":{"type":"string","description_kind":"plain","computed":true},"volume_name":{"type":"string","description_kind":"plain","required":true}},"block_types":{"timeouts":{"nesting_mode":"single","block":{"attributes":{"create":{"type":"string","description_kind":"plain","optional":true},"delete":{"type":"string","description_kind":"plain","optional":true}},"description_kind":"plain"}}},"description_kind":"plain"}},"opc_compute_vnic_set":{"version":0,"block":{"attributes":{"applied_acls":{"type":["list","string"],"description_kind":"plain","optional":true},"description":{"type":"string","description_kind":"plain","optional":true},"id":{"type":"string","description_kind":"plain","optional":true,"computed":true},"name":{"type":"string","description_kind":"plain","required":true},"tags":{"type":["list","string"],"description_kind":"plain","optional":true},"virtual_nics":{"type":["list","string"],"description_kind":"plain","optional":true,"computed":true}},"description_kind":"plain"}},"opc_compute_vpn_endpoint_v2":{"version":0,"block":{"attributes":{"customer_vpn_gateway":{"type":"string","description_kind":"plain","required":true},"description":{"type":"string","description_kind":"plain","optional":true},"enabled":{"type":"bool","description_kind":"plain","optional":true},"id":{"type":"string","description_kind":"plain","optional":true,"computed":true},"ike_identifier":{"type":"string","description_kind":"plain","optional":true,"computed":true},"ip_network":{"type":"string","description_kind":"plain","required":true},"local_gateway_ip_address":{"type":"string","description_kind":"plain","computed":true},"local_gateway_private_ip_address":{"type":"string","description_kind":"plain","computed":true},"name":{"type":"string","description_kind":"plain","required":true},"pre_shared_key":{"type":"string","description_kind":"plain","required":true},"reachable_routes":{"type":["list","string"],"description_kind":"plain","required":true},"require_perfect_forward_secrecy":{"type":"bool","description_kind":"plain","optional":true},"tags":{"type":["list","string"],"description_kind":"plain","optional":true},"tunnel_status":{"type":"string","description_kind":"plain","computed":true},"uri":{"type":"string","description_kind":"plain","computed":true},"vnic_sets":{"type":["list","string"],"description_kind":"plain","required":true}},"block_types":{"phase_one_settings":{"nesting_mode":"list","block":{"attributes":{"dh_group":{"type":"string","description_kind":"plain","required":true},"encryption":{"type":"string","description_kind":"plain","required":true},"hash":{"type":"string","description_kind":"plain","required":true},"lifetime":{"type":"number","description_kind":"plain","optional":true}},"description_kind":"plain"},"max_items":1},"phase_two_settings":{"nesting_mode":"list","block":{"attributes":{"encryption":{"type":"string","description_kind":"plain","required":true},"hash":{"type":"string","description_kind":"plain","required":true},"lifetime":{"type":"number","description_kind":"plain","optional":true}},"description_kind":"plain"},"max_items":1},"timeouts":{"nesting_mode":"single","block":{"attributes":{"create":{"type":"string","description_kind":"plain","optional":true},"delete":{"type":"string","description_kind":"plain","optional":true},"update":{"type":"string","description_kind":"plain","optional":true}},"description_kind":"plain"}}},"description_kind":"plain"}},"opc_lbaas_certificate":{"version":0,"block":{"attributes":{"certificate_body":{"type":"string","description_kind":"plain","required":true},"certificate_chain":{"type":"string","description_kind":"plain","optional":true},"id":{"type":"string","description_kind":"plain","optional":true,"computed":true},"name":{"type":"string","description_kind":"plain","required":true},"private_key":{"type":"string","description_kind":"plain","optional":true,"sensitive":true},"state":{"type":"string","description_kind":"plain","computed":true},"type":{"type":"string","description_kind":"plain","required":true},"uri":{"type":"string","description_kind":"plain","computed":true}},"description_kind":"plain"}},"opc_lbaas_listener":{"version":0,"block":{"attributes":{"balancer_protocol":{"type":"string","description_kind":"plain","required":true},"certificates":{"type":["set","string"],"description_kind":"plain","optional":true},"enabled":{"type":"bool","description_kind":"plain","optional":true},"id":{"type":"string","description_kind":"plain","optional":true,"computed":true},"load_balancer":{"type":"string","description_kind":"plain","required":true},"name":{"type":"string","description_kind":"plain","required":true},"operation_details":{"type":"string","description_kind":"plain","computed":true},"parent_listener":{"type":"string","description_kind":"plain","computed":true},"path_prefixes":{"type":["set","string"],"description_kind":"plain","optional":true},"policies":{"type":["set","string"],"description_kind":"plain","optional":true},"port":{"type":"number","description_kind":"plain","required":true},"server_pool":{"type":"string","description_kind":"plain","optional":true},"server_protocol":{"type":"string","description_kind":"plain","required":true},"state":{"type":"bool","description_kind":"plain","computed":true},"tags":{"type":["set","string"],"description_kind":"plain","optional":true},"uri":{"type":"string","description_kind":"plain","computed":true},"virtual_hosts":{"type":["set","string"],"description_kind":"plain","optional":true}},"description_kind":"plain"}},"opc_lbaas_load_balancer":{"version":0,"block":{"attributes":{"balancer_vips":{"type":["list","string"],"description_kind":"plain","computed":true},"canonical_host_name":{"type":"string","description_kind":"plain","computed":true},"cloudgate_capable":{"type":"bool","description_kind":"plain","computed":true},"description":{"type":"string","description_kind":"plain","optional":true},"enabled":{"type":"bool","description_kind":"plain","optional":true},"id":{"type":"string","description_kind":"plain","optional":true,"computed":true},"ip_network":{"type":"string","description_kind":"plain","optional":true,"computed":true},"name":{"type":"string","description_kind":"plain","required":true},"parent_load_balancer":{"type":"string","description_kind":"plain","optional":true},"permitted_clients":{"type":["set","string"],"description_kind":"plain","optional":true},"permitted_methods":{"type":["set","string"],"description_kind":"plain","optional":true},"policies":{"type":["set","string"],"description_kind":"plain","optional":true},"region":{"type":"string","description_kind":"plain","required":true},"scheme":{"type":"string","description_kind":"plain","required":true},"server_pool":{"type":"string","description_kind":"plain","optional":true},"tags":{"type":["set","string"],"description_kind":"plain","optional":true},"uri":{"type":"string","description_kind":"plain","computed":true}},"description_kind":"plain"}},"opc_lbaas_policy":{"version":0,"block":{"attributes":{"id":{"type":"string","description_kind":"plain","optional":true,"computed":true},"load_balancer":{"type":"string","description_kind":"plain","required":true},"name":{"type":"string","description_kind":"plain","required":true},"state":{"type":"bool","description_kind":"plain","computed":true},"type":{"type":"string","description_kind":"plain","computed":true},"uri":{"type":"string","description_kind":"plain","computed":true}},"block_types":{"application_cookie_stickiness_policy":{"nesting_mode":"list","block":{"attributes":{"cookie_name":{"type":"string","description_kind":"plain","required":true}},"description_kind":"plain"},"max_items":1},"cloudgate_policy":{"nesting_mode":"list","block":{"attributes":{"cloudgate_application":{"type":"string","description_kind":"plain","optional":true},"cloudgate_policy_name":{"type":"string","description_kind":"plain","optional":true},"identity_service_instance_guid":{"type":"string","description_kind":"plain","optional":true},"virtual_hostname_for_policy_attribution":{"type":"string","description_kind":"plain","required":true}},"description_kind":"plain"},"max_items":1},"load_balancer_cookie_stickiness_policy":{"nesting_mode":"list","block":{"attributes":{"cookie_expiration_period":{"type":"number","description_kind":"plain","required":true}},"description_kind":"plain"},"max_items":1},"load_balancing_mechanism_policy":{"nesting_mode":"list","block":{"attributes":{"load_balancing_mechanism":{"type":"string","description_kind":"plain","required":true}},"description_kind":"plain"},"max_items":1},"rate_limiting_request_policy":{"nesting_mode":"list","block":{"attributes":{"burst_size":{"type":"number","description_kind":"plain","required":true},"delay_excessive_requests":{"type":"bool","description_kind":"plain","required":true},"http_error_code":{"type":"number","description_kind":"plain","optional":true},"logging_level":{"type":"string","description_kind":"plain","optional":true},"rate_limiting_criteria":{"type":"string","description_kind":"plain","optional":true},"requests_per_second":{"type":"number","description_kind":"plain","required":true},"zone":{"type":"string","description_kind":"plain","required":true},"zone_memory_size":{"type":"number","description_kind":"plain","optional":true}},"description_kind":"plain"},"max_items":1},"redirect_policy":{"nesting_mode":"list","block":{"attributes":{"redirect_uri":{"type":"string","description_kind":"plain","required":true},"response_code":{"type":"number","description_kind":"plain","required":true}},"description_kind":"plain"},"max_items":1},"resource_access_control_policy":{"nesting_mode":"list","block":{"attributes":{"denied_clients":{"type":["set","string"],"description_kind":"plain","optional":true},"disposition":{"type":"string","description_kind":"plain","required":true},"permitted_clients":{"type":["set","string"],"description_kind":"plain","optional":true}},"description_kind":"plain"},"max_items":1},"set_request_header_policy":{"nesting_mode":"list","block":{"attributes":{"action_when_header_exists":{"type":"string","description_kind":"plain","optional":true},"action_when_header_value_is":{"type":["set","string"],"description_kind":"plain","optional":true},"action_when_header_value_is_not":{"type":["set","string"],"description_kind":"plain","optional":true},"header_name":{"type":"string","description_kind":"plain","required":true},"value":{"type":"string","description_kind":"plain","optional":true}},"description_kind":"plain"},"max_items":1},"ssl_negotiation_policy":{"nesting_mode":"list","block":{"attributes":{"port":{"type":"number","description_kind":"plain","required":true},"server_order_preference":{"type":"string","description_kind":"plain","optional":true},"ssl_ciphers":{"type":["set","string"],"description_kind":"plain","optional":true},"ssl_protocol":{"type":["set","string"],"description_kind":"plain","required":true}},"description_kind":"plain"},"max_items":1},"trusted_certificate_policy":{"nesting_mode":"list","block":{"attributes":{"trusted_certificate":{"type":"string","description_kind":"plain","required":true}},"description_kind":"plain"},"max_items":1}},"description_kind":"plain"}},"opc_lbaas_server_pool":{"version":0,"block":{"attributes":{"consumers":{"type":"string","description_kind":"plain","computed":true},"enabled":{"type":"bool","description_kind":"plain","optional":true},"id":{"type":"string","description_kind":"plain","optional":true,"computed":true},"load_balancer":{"type":"string","description_kind":"plain","required":true},"name":{"type":"string","description_kind":"plain","required":true},"operation_details":{"type":"bool","description_kind":"plain","computed":true},"servers":{"type":["set","string"],"description_kind":"plain","required":true},"state":{"type":"string","description_kind":"plain","computed":true},"status":{"type":"bool","description_kind":"plain","computed":true},"tags":{"type":["set","string"],"description_kind":"plain","optional":true},"uri":{"type":"string","description_kind":"plain","computed":true},"vnic_set":{"type":"string","description_kind":"plain","optional":true}},"block_types":{"health_check":{"nesting_mode":"list","block":{"attributes":{"accepted_return_codes":{"type":["list","string"],"description_kind":"plain","optional":true,"computed":true},"enabled":{"type":"bool","description_kind":"plain","optional":true},"healthy_threshold":{"type":"number","description_kind":"plain","optional":true},"interval":{"type":"number","description_kind":"plain","optional":true},"path":{"type":"string","description_kind":"plain","optional":true},"timeout":{"type":"number","description_kind":"plain","optional":true},"type":{"type":"string","description_kind":"plain","optional":true},"unhealthy_threshold":{"type":"number","description_kind":"plain","optional":true}},"description_kind":"plain"},"max_items":1}},"description_kind":"plain"}},"opc_storage_container":{"version":0,"block":{"attributes":{"allowed_origins":{"type":["list","string"],"description_kind":"plain","optional":true,"computed":true},"exposed_headers":{"type":["list","string"],"description_kind":"plain","optional":true,"computed":true},"id":{"type":"string","description_kind":"plain","optional":true,"computed":true},"max_age":{"type":"number","description_kind":"plain","optional":true},"metadata":{"type":["map","string"],"description_kind":"plain","optional":true},"name":{"type":"string","description_kind":"plain","required":true},"primary_key":{"type":"string","description_kind":"plain","optional":true},"quota_bytes":{"type":"number","description_kind":"plain","optional":true},"quota_count":{"type":"number","description_kind":"plain","optional":true},"read_acls":{"type":["list","string"],"description_kind":"plain","optional":true,"computed":true},"secondary_key":{"type":"string","description_kind":"plain","optional":true},"write_acls":{"type":["list","string"],"description_kind":"plain","optional":true,"computed":true}},"description_kind":"plain"}},"opc_storage_object":{"version":0,"block":{"attributes":{"accept_ranges":{"type":"string","description":"Type of ranges that the object accepts","description_kind":"plain","computed":true},"container":{"type":"string","description":"Name of the storage container","description_kind":"plain","required":true},"content":{"type":"string","description":"Raw content in string-form of the data","description_kind":"plain","optional":true},"content_disposition":{"type":"string","description":"Overrides the behavior of the browser","description_kind":"plain","optional":true},"content_encoding":{"type":"string","description":"Set the content-encoding metadata","description_kind":"plain","optional":true},"content_length":{"type":"number","description":"Length of the object in bytes","description_kind":"plain","computed":true},"content_type":{"type":"string","description":"Set the MIME type for the object","description_kind":"plain","optional":true,"computed":true},"copy_from":{"type":"string","description_kind":"plain","optional":true},"delete_at":{"type":"number","description":"The date and time in UNIX Epoch time stamp format when the system removes the object","description_kind":"plain","optional":true,"computed":true},"etag":{"type":"string","description":"MD5 checksum value of the request body. Unquoted. Strongly Recommended","description_kind":"plain","optional":true,"computed":true},"file":{"type":"string","description":"File path for the content to use for data","description_kind":"plain","optional":true},"id":{"type":"string","description_kind":"plain","optional":true,"computed":true},"last_modified":{"type":"string","description":"Date and Time that the object was created/modified in ISO 8601","description_kind":"plain","computed":true},"metadata":{"type":["map","string"],"description":"The object metadata","description_kind":"plain","optional":true,"computed":true},"name":{"type":"string","description":"Name of the storage object","description_kind":"plain","required":true},"object_manifest":{"type":"string","description":"The dynamic large-object manifest object","description_kind":"plain","computed":true},"timestamp":{"type":"string","description":"Date and Time in UNIX EPOCH when the account, container, or object was initially created at the current version","description_kind":"plain","computed":true},"transaction_id":{"type":"string","description":"Transaction ID of the request. Used for bug reports","description_kind":"plain","computed":true},"transfer_encoding":{"type":"string","description":"Sets the transfer encoding. Can only be 'chunked' or Nil, requires Content-Length to be 0 if set","description_kind":"plain","optional":true}},"description_kind":"plain"}}},"data_source_schemas":{"opc_compute_image_list_entry":{"version":0,"block":{"attributes":{"attributes":{"type":"string","description_kind":"plain","computed":true},"entry":{"type":"number","description_kind":"plain","optional":true},"id":{"type":"string","description_kind":"plain","optional":true,"computed":true},"image_list":{"type":"string","description_kind":"plain","required":true},"machine_images":{"type":["list","string"],"description_kind":"plain","computed":true},"uri":{"type":"string","description_kind":"plain","computed":true},"version":{"type":"number","description_kind":"plain","required":true}},"description_kind":"plain"}},"opc_compute_ip_address_reservation":{"version":0,"block":{"attributes":{"description":{"type":"string","description_kind":"plain","computed":true},"id":{"type":"string","description_kind":"plain","optional":true,"computed":true},"ip_address":{"type":"string","description_kind":"plain","computed":true},"ip_address_pool":{"type":"string","description_kind":"plain","computed":true},"name":{"type":"string","description_kind":"plain","required":true},"tags":{"type":["list","string"],"description_kind":"plain","computed":true},"uri":{"type":"string","description_kind":"plain","computed":true}},"description_kind":"plain"}},"opc_compute_ip_reservation":{"version":0,"block":{"attributes":{"id":{"type":"string","description_kind":"plain","optional":true,"computed":true},"ip":{"type":"string","description_kind":"plain","computed":true},"name":{"type":"string","description_kind":"plain","required":true},"parent_pool":{"type":"string","description_kind":"plain","computed":true},"permanent":{"type":"bool","description_kind":"plain","computed":true},"tags":{"type":["list","string"],"description_kind":"plain","computed":true},"used":{"type":"bool","description_kind":"plain","computed":true}},"description_kind":"plain"}},"opc_compute_machine_image":{"version":0,"block":{"attributes":{"account":{"type":"string","description_kind":"plain","required":true},"attributes":{"type":"string","description_kind":"plain","computed":true},"description":{"type":"string","description_kind":"plain","computed":true},"error_reason":{"type":"string","description_kind":"plain","computed":true},"file":{"type":"string","description_kind":"plain","computed":true},"hypervisor":{"type":["map","string"],"description_kind":"plain","computed":true},"id":{"type":"string","description_kind":"plain","optional":true,"computed":true},"image_format":{"type":"string","description_kind":"plain","computed":true},"name":{"type":"string","description_kind":"plain","required":true},"no_upload":{"type":"bool","description_kind":"plain","computed":true},"platform":{"type":"string","description_kind":"plain","computed":true},"sizes":{"type":["map","string"],"description_kind":"plain","computed":true},"state":{"type":"string","description_kind":"plain","computed":true},"uri":{"type":"string","description_kind":"plain","computed":true}},"description_kind":"plain"}},"opc_compute_network_interface":{"version":0,"block":{"attributes":{"dns":{"type":["list","string"],"description_kind":"plain","computed":true},"id":{"type":"string","description_kind":"plain","optional":true,"computed":true},"instance_id":{"type":"string","description_kind":"plain","required":true},"instance_name":{"type":"string","description_kind":"plain","required":true},"interface":{"type":"string","description_kind":"plain","required":true},"ip_address":{"type":"string","description_kind":"plain","computed":true},"ip_network":{"type":"string","description_kind":"plain","computed":true},"is_default_gateway":{"type":"bool","description_kind":"plain","computed":true},"mac_address":{"type":"string","description_kind":"plain","computed":true},"model":{"type":"string","description_kind":"plain","computed":true},"name_servers":{"type":["list","string"],"description_kind":"plain","computed":true},"nat":{"type":["list","string"],"description_kind":"plain","computed":true},"search_domains":{"type":["list","string"],"description_kind":"plain","computed":true},"sec_lists":{"type":["list","string"],"description_kind":"plain","computed":true},"shared_network":{"type":"bool","description_kind":"plain","computed":true},"vnic":{"type":"string","description_kind":"plain","computed":true},"vnic_sets":{"type":["list","string"],"description_kind":"plain","computed":true}},"description_kind":"plain"}},"opc_compute_ssh_key":{"version":0,"block":{"attributes":{"enabled":{"type":"bool","description_kind":"plain","computed":true},"id":{"type":"string","description_kind":"plain","optional":true,"computed":true},"key":{"type":"string","description_kind":"plain","computed":true},"name":{"type":"string","description_kind":"plain","required":true}},"description_kind":"plain"}},"opc_compute_storage_volume_snapshot":{"version":0,"block":{"attributes":{"account":{"type":"string","description_kind":"plain","computed":true},"collocated":{"type":"bool","description_kind":"plain","computed":true},"description":{"type":"string","description_kind":"plain","computed":true},"id":{"type":"string","description_kind":"plain","optional":true,"computed":true},"machine_image_name":{"type":"string","description_kind":"plain","computed":true},"name":{"type":"string","description_kind":"plain","required":true},"parent_volume_bootable":{"type":"bool","description_kind":"plain","computed":true},"platform":{"type":"string","description_kind":"plain","computed":true},"property":{"type":"string","description_kind":"plain","computed":true},"size":{"type":"string","description_kind":"plain","computed":true},"snapshot_id":{"type":"string","description_kind":"plain","computed":true},"snapshot_timestamp":{"type":"string","description_kind":"plain","computed":true},"start_timestamp":{"type":"string","description_kind":"plain","computed":true},"status":{"type":"string","description_kind":"plain","computed":true},"status_detail":{"type":"string","description_kind":"plain","computed":true},"status_timestamp":{"type":"string","description_kind":"plain","computed":true},"tags":{"type":["list","string"],"description_kind":"plain","computed":true},"uri":{"type":"string","description_kind":"plain","computed":true},"volume_name":{"type":"string","description_kind":"plain","computed":true}},"description_kind":"plain"}},"opc_compute_vnic":{"version":0,"block":{"attributes":{"description":{"type":"string","description_kind":"plain","computed":true},"id":{"type":"string","description_kind":"plain","optional":true,"computed":true},"mac_address":{"type":"string","description_kind":"plain","computed":true},"name":{"type":"string","description_kind":"plain","required":true},"tags":{"type":["list","string"],"description_kind":"plain","computed":true},"transit_flag":{"type":"bool","description_kind":"plain","computed":true},"uri":{"type":"string","description_kind":"plain","computed":true}},"description_kind":"plain"}}}}}}
