{"format_version":"0.1","provider_schemas":{"registry.terraform.io/rudexi/isilon":{"provider":{"version":0,"block":{"attributes":{"group":{"type":"string","description_kind":"plain","optional":true},"password":{"type":"string","description_kind":"plain","optional":true,"sensitive":true},"skip_ssl_verify":{"type":"bool","description_kind":"plain","optional":true},"url":{"type":"string","description_kind":"plain","optional":true},"username":{"type":"string","description_kind":"plain","optional":true},"volume_path":{"type":"string","description_kind":"plain","optional":true}},"description_kind":"plain"}},"resource_schemas":{"isilon_export_v2":{"version":0,"block":{"attributes":{"id":{"type":"string","description_kind":"plain","optional":true,"computed":true},"paths":{"type":["list","string"],"description_kind":"plain","required":true},"zone":{"type":"string","description_kind":"plain","optional":true}},"description_kind":"plain"}},"isilon_quota_v2":{"version":0,"block":{"attributes":{"id":{"type":"string","description_kind":"plain","optional":true,"computed":true},"path":{"type":"string","description_kind":"plain","required":true},"thresholds":{"type":["map","number"],"description_kind":"plain","optional":true}},"description_kind":"plain"}},"isilon_volume_v1":{"version":0,"block":{"attributes":{"absolute_path":{"type":"string","description_kind":"plain","optional":true,"computed":true},"id":{"type":"string","description_kind":"plain","optional":true,"computed":true},"is_hidden":{"type":"bool","description_kind":"plain","optional":true},"mode":{"type":"string","description_kind":"plain","optional":true},"path":{"type":"string","description_kind":"plain","required":true}},"description_kind":"plain"}}}}}}
