{"format_version":"0.1","provider_schemas":{"registry.terraform.io/kjmkznr/mackerel":{"provider":{"version":0,"block":{"attributes":{"api_key":{"type":"string","description":"your Mackerel APIKey","description_kind":"plain","required":true}},"description_kind":"plain"}},"resource_schemas":{"mackerel_dashboard":{"version":0,"block":{"attributes":{"body_markdown":{"type":"string","description_kind":"plain","required":true},"id":{"type":"string","description_kind":"plain","optional":true,"computed":true},"title":{"type":"string","description_kind":"plain","required":true},"url_path":{"type":"string","description_kind":"plain","required":true}},"description_kind":"plain"}},"mackerel_expression_monitor":{"version":0,"block":{"attributes":{"critical":{"type":"number","description_kind":"plain","required":true},"expression":{"type":"string","description_kind":"plain","required":true},"id":{"type":"string","description_kind":"plain","optional":true,"computed":true},"is_mute":{"type":"bool","description_kind":"plain","optional":true},"name":{"type":"string","description_kind":"plain","required":true},"notification_interval":{"type":"number","description_kind":"plain","optional":true},"operator":{"type":"string","description_kind":"plain","required":true},"warning":{"type":"number","description_kind":"plain","required":true}},"description_kind":"plain"}},"mackerel_external_monitor":{"version":0,"block":{"attributes":{"certification_expiration_critical":{"type":"number","description_kind":"plain","optional":true},"certification_expiration_warning":{"type":"number","description_kind":"plain","optional":true},"contains_string":{"type":"string","description_kind":"plain","optional":true},"headers":{"type":["map","string"],"description_kind":"plain","optional":true},"id":{"type":"string","description_kind":"plain","optional":true,"computed":true},"is_mute":{"type":"bool","description_kind":"plain","optional":true},"max_check_attempts":{"type":"number","description_kind":"plain","optional":true},"memo":{"type":"string","description_kind":"plain","optional":true},"method":{"type":"string","description_kind":"plain","optional":true},"name":{"type":"string","description_kind":"plain","required":true},"notification_interval":{"type":"number","description_kind":"plain","optional":true},"request_body":{"type":"string","description_kind":"plain","optional":true},"response_time_critical":{"type":"number","description_kind":"plain","optional":true},"response_time_duration":{"type":"number","description_kind":"plain","optional":true},"response_time_warning":{"type":"number","description_kind":"plain","optional":true},"service":{"type":"string","description_kind":"plain","optional":true},"skip_certificate_verification":{"type":"bool","description_kind":"plain","optional":true},"url":{"type":"string","description_kind":"plain","required":true}},"description_kind":"plain"}},"mackerel_host_monitor":{"version":0,"block":{"attributes":{"critical":{"type":"number","description_kind":"plain","required":true},"duration":{"type":"number","description_kind":"plain","required":true},"exclude_scopes":{"type":["list","string"],"description_kind":"plain","optional":true},"id":{"type":"string","description_kind":"plain","optional":true,"computed":true},"is_mute":{"type":"bool","description_kind":"plain","optional":true},"max_check_attempts":{"type":"number","description_kind":"plain","optional":true},"metric":{"type":"string","description_kind":"plain","required":true},"name":{"type":"string","description_kind":"plain","required":true},"notification_interval":{"type":"number","description_kind":"plain","optional":true},"operator":{"type":"string","description_kind":"plain","required":true},"scopes":{"type":["list","string"],"description_kind":"plain","optional":true},"warning":{"type":"number","description_kind":"plain","required":true}},"description_kind":"plain"}},"mackerel_service":{"version":0,"block":{"attributes":{"id":{"type":"string","description_kind":"plain","optional":true,"computed":true},"memo":{"type":"string","description_kind":"plain","optional":true},"name":{"type":"string","description_kind":"plain","required":true}},"description_kind":"plain"}},"mackerel_service_monitor":{"version":0,"block":{"attributes":{"critical":{"type":"number","description_kind":"plain","required":true},"duration":{"type":"number","description_kind":"plain","required":true},"id":{"type":"string","description_kind":"plain","optional":true,"computed":true},"is_mute":{"type":"bool","description_kind":"plain","optional":true},"max_check_attempts":{"type":"number","description_kind":"plain","optional":true},"metric":{"type":"string","description_kind":"plain","required":true},"name":{"type":"string","description_kind":"plain","required":true},"notification_interval":{"type":"number","description_kind":"plain","optional":true},"operator":{"type":"string","description_kind":"plain","required":true},"service":{"type":"string","description_kind":"plain","required":true},"warning":{"type":"number","description_kind":"plain","required":true}},"description_kind":"plain"}}}}}}
