{"format_version":"0.1","provider_schemas":{"registry.terraform.io/hetznercloud/hcloud":{"provider":{"version":0,"block":{"attributes":{"endpoint":{"type":"string","description_kind":"plain","optional":true},"token":{"type":"string","description":"The API token to access the Hetzner cloud.","description_kind":"plain","required":true}},"description_kind":"plain"}},"resource_schemas":{"hcloud_certificate":{"version":0,"block":{"attributes":{"certificate":{"type":"string","description_kind":"plain","required":true},"created":{"type":"string","description_kind":"plain","computed":true},"domain_names":{"type":["list","string"],"description_kind":"plain","computed":true},"fingerprint":{"type":"string","description_kind":"plain","computed":true},"id":{"type":"string","description_kind":"plain","optional":true,"computed":true},"labels":{"type":["map","string"],"description_kind":"plain","optional":true},"name":{"type":"string","description_kind":"plain","required":true},"not_valid_after":{"type":"string","description_kind":"plain","computed":true},"not_valid_before":{"type":"string","description_kind":"plain","computed":true},"private_key":{"type":"string","description_kind":"plain","required":true,"sensitive":true}},"description_kind":"plain"}},"hcloud_floating_ip":{"version":0,"block":{"attributes":{"description":{"type":"string","description_kind":"plain","optional":true},"home_location":{"type":"string","description_kind":"plain","optional":true,"computed":true},"id":{"type":"string","description_kind":"plain","optional":true,"computed":true},"ip_address":{"type":"string","description_kind":"plain","computed":true},"ip_network":{"type":"string","description_kind":"plain","computed":true},"labels":{"type":["map","string"],"description_kind":"plain","optional":true},"name":{"type":"string","description_kind":"plain","optional":true,"computed":true},"server_id":{"type":"number","description_kind":"plain","optional":true,"computed":true},"type":{"type":"string","description_kind":"plain","required":true}},"description_kind":"plain"}},"hcloud_floating_ip_assignment":{"version":0,"block":{"attributes":{"floating_ip_id":{"type":"number","description_kind":"plain","required":true},"id":{"type":"string","description_kind":"plain","optional":true,"computed":true},"server_id":{"type":"number","description_kind":"plain","required":true}},"description_kind":"plain"}},"hcloud_load_balancer":{"version":0,"block":{"attributes":{"id":{"type":"string","description_kind":"plain","optional":true,"computed":true},"ipv4":{"type":"string","description_kind":"plain","computed":true},"ipv6":{"type":"string","description_kind":"plain","computed":true},"labels":{"type":["map","string"],"description_kind":"plain","optional":true,"computed":true},"load_balancer_type":{"type":"string","description_kind":"plain","required":true},"location":{"type":"string","description_kind":"plain","optional":true,"computed":true},"name":{"type":"string","description_kind":"plain","required":true},"network_id":{"type":"number","description_kind":"plain","computed":true},"network_ip":{"type":"string","description_kind":"plain","computed":true},"network_zone":{"type":"string","description_kind":"plain","optional":true,"computed":true}},"block_types":{"algorithm":{"nesting_mode":"list","block":{"attributes":{"type":{"type":"string","description_kind":"plain","optional":true,"computed":true}},"description_kind":"plain"},"max_items":1},"target":{"nesting_mode":"list","block":{"attributes":{"server_id":{"type":"number","description_kind":"plain","optional":true},"type":{"type":"string","description_kind":"plain","required":true},"use_private_ip":{"type":"bool","description_kind":"plain","deprecated":true,"optional":true}},"description_kind":"plain"}}},"description_kind":"plain"}},"hcloud_load_balancer_network":{"version":0,"block":{"attributes":{"enable_public_interface":{"type":"bool","description_kind":"plain","optional":true},"id":{"type":"string","description_kind":"plain","optional":true,"computed":true},"ip":{"type":"string","description_kind":"plain","optional":true,"computed":true},"load_balancer_id":{"type":"number","description_kind":"plain","required":true},"network_id":{"type":"number","description_kind":"plain","optional":true},"subnet_id":{"type":"string","description_kind":"plain","optional":true}},"description_kind":"plain"}},"hcloud_load_balancer_service":{"version":0,"block":{"attributes":{"destination_port":{"type":"number","description_kind":"plain","optional":true,"computed":true},"id":{"type":"string","description_kind":"plain","optional":true,"computed":true},"listen_port":{"type":"number","description_kind":"plain","optional":true,"computed":true},"load_balancer_id":{"type":"string","description_kind":"plain","required":true},"protocol":{"type":"string","description_kind":"plain","required":true},"proxyprotocol":{"type":"bool","description_kind":"plain","optional":true,"computed":true}},"block_types":{"health_check":{"nesting_mode":"list","block":{"attributes":{"interval":{"type":"number","description_kind":"plain","required":true},"port":{"type":"number","description_kind":"plain","required":true},"protocol":{"type":"string","description_kind":"plain","required":true},"retries":{"type":"number","description_kind":"plain","optional":true,"computed":true},"timeout":{"type":"number","description_kind":"plain","required":true}},"block_types":{"http":{"nesting_mode":"list","block":{"attributes":{"domain":{"type":"string","description_kind":"plain","optional":true},"path":{"type":"string","description_kind":"plain","optional":true},"response":{"type":"string","description_kind":"plain","optional":true},"status_codes":{"type":["list","string"],"description_kind":"plain","optional":true},"tls":{"type":"bool","description_kind":"plain","optional":true}},"description_kind":"plain"},"max_items":1}},"description_kind":"plain"},"max_items":1},"http":{"nesting_mode":"list","block":{"attributes":{"certificates":{"type":["list","number"],"description_kind":"plain","optional":true},"cookie_lifetime":{"type":"number","description_kind":"plain","optional":true,"computed":true},"cookie_name":{"type":"string","description_kind":"plain","optional":true,"computed":true},"redirect_http":{"type":"bool","description_kind":"plain","optional":true,"computed":true},"sticky_sessions":{"type":"bool","description_kind":"plain","optional":true,"computed":true}},"description_kind":"plain"},"max_items":1}},"description_kind":"plain"}},"hcloud_load_balancer_target":{"version":0,"block":{"attributes":{"id":{"type":"string","description_kind":"plain","optional":true,"computed":true},"ip":{"type":"string","description_kind":"plain","optional":true},"label_selector":{"type":"string","description_kind":"plain","optional":true},"load_balancer_id":{"type":"number","description_kind":"plain","required":true},"server_id":{"type":"number","description_kind":"plain","optional":true},"type":{"type":"string","description_kind":"plain","required":true},"use_private_ip":{"type":"bool","description_kind":"plain","optional":true,"computed":true}},"description_kind":"plain"}},"hcloud_network":{"version":0,"block":{"attributes":{"id":{"type":"string","description_kind":"plain","optional":true,"computed":true},"ip_range":{"type":"string","description_kind":"plain","required":true},"labels":{"type":["map","string"],"description_kind":"plain","optional":true},"name":{"type":"string","description_kind":"plain","required":true}},"description_kind":"plain"}},"hcloud_network_route":{"version":0,"block":{"attributes":{"destination":{"type":"string","description_kind":"plain","required":true},"gateway":{"type":"string","description_kind":"plain","required":true},"id":{"type":"string","description_kind":"plain","optional":true,"computed":true},"network_id":{"type":"number","description_kind":"plain","required":true}},"description_kind":"plain"}},"hcloud_network_subnet":{"version":0,"block":{"attributes":{"gateway":{"type":"string","description_kind":"plain","computed":true},"id":{"type":"string","description_kind":"plain","optional":true,"computed":true},"ip_range":{"type":"string","description_kind":"plain","required":true},"network_id":{"type":"number","description_kind":"plain","required":true},"network_zone":{"type":"string","description_kind":"plain","required":true},"type":{"type":"string","description_kind":"plain","required":true}},"description_kind":"plain"}},"hcloud_rdns":{"version":0,"block":{"attributes":{"dns_ptr":{"type":"string","description_kind":"plain","required":true},"floating_ip_id":{"type":"number","description_kind":"plain","optional":true},"id":{"type":"string","description_kind":"plain","optional":true,"computed":true},"ip_address":{"type":"string","description_kind":"plain","required":true},"server_id":{"type":"number","description_kind":"plain","optional":true}},"description_kind":"plain"}},"hcloud_server":{"version":0,"block":{"attributes":{"backup_window":{"type":"string","description_kind":"plain","deprecated":true,"computed":true},"backups":{"type":"bool","description_kind":"plain","optional":true},"datacenter":{"type":"string","description_kind":"plain","optional":true,"computed":true},"id":{"type":"string","description_kind":"plain","optional":true,"computed":true},"image":{"type":"string","description_kind":"plain","required":true},"ipv4_address":{"type":"string","description_kind":"plain","computed":true},"ipv6_address":{"type":"string","description_kind":"plain","computed":true},"ipv6_network":{"type":"string","description_kind":"plain","computed":true},"iso":{"type":"string","description_kind":"plain","optional":true},"keep_disk":{"type":"bool","description_kind":"plain","optional":true},"labels":{"type":["map","string"],"description_kind":"plain","optional":true},"location":{"type":"string","description_kind":"plain","optional":true,"computed":true},"name":{"type":"string","description_kind":"plain","required":true},"rescue":{"type":"string","description_kind":"plain","optional":true},"server_type":{"type":"string","description_kind":"plain","required":true},"ssh_keys":{"type":["list","string"],"description_kind":"plain","optional":true},"status":{"type":"string","description_kind":"plain","computed":true},"user_data":{"type":"string","description_kind":"plain","optional":true}},"description_kind":"plain"}},"hcloud_server_network":{"version":0,"block":{"attributes":{"alias_ips":{"type":["list","string"],"description_kind":"plain","optional":true},"id":{"type":"string","description_kind":"plain","optional":true,"computed":true},"ip":{"type":"string","description_kind":"plain","optional":true,"computed":true},"mac_address":{"type":"string","description_kind":"plain","computed":true},"network_id":{"type":"number","description_kind":"plain","optional":true},"server_id":{"type":"number","description_kind":"plain","required":true},"subnet_id":{"type":"string","description_kind":"plain","optional":true}},"description_kind":"plain"}},"hcloud_ssh_key":{"version":0,"block":{"attributes":{"fingerprint":{"type":"string","description_kind":"plain","computed":true},"id":{"type":"string","description_kind":"plain","optional":true,"computed":true},"labels":{"type":["map","string"],"description_kind":"plain","optional":true},"name":{"type":"string","description_kind":"plain","required":true},"public_key":{"type":"string","description_kind":"plain","required":true}},"description_kind":"plain"}},"hcloud_volume":{"version":0,"block":{"attributes":{"automount":{"type":"bool","description_kind":"plain","optional":true},"format":{"type":"string","description_kind":"plain","optional":true},"id":{"type":"string","description_kind":"plain","optional":true,"computed":true},"labels":{"type":["map","string"],"description_kind":"plain","optional":true},"linux_device":{"type":"string","description_kind":"plain","computed":true},"location":{"type":"string","description_kind":"plain","optional":true,"computed":true},"name":{"type":"string","description_kind":"plain","required":true},"server_id":{"type":"number","description_kind":"plain","optional":true,"computed":true},"size":{"type":"number","description_kind":"plain","required":true}},"description_kind":"plain"}},"hcloud_volume_attachment":{"version":0,"block":{"attributes":{"automount":{"type":"bool","description_kind":"plain","optional":true,"computed":true},"id":{"type":"string","description_kind":"plain","optional":true,"computed":true},"server_id":{"type":"number","description_kind":"plain","required":true},"volume_id":{"type":"number","description_kind":"plain","required":true}},"description_kind":"plain"}}},"data_source_schemas":{"hcloud_certificate":{"version":0,"block":{"attributes":{"certificate":{"type":"string","description_kind":"plain","computed":true},"created":{"type":"string","description_kind":"plain","computed":true},"domain_names":{"type":["list","string"],"description_kind":"plain","computed":true},"fingerprint":{"type":"string","description_kind":"plain","computed":true},"id":{"type":"number","description_kind":"plain","optional":true},"labels":{"type":["map","string"],"description_kind":"plain","computed":true},"name":{"type":"string","description_kind":"plain","optional":true},"not_valid_after":{"type":"string","description_kind":"plain","computed":true},"not_valid_before":{"type":"string","description_kind":"plain","computed":true},"with_selector":{"type":"string","description_kind":"plain","optional":true}},"description_kind":"plain"}},"hcloud_datacenter":{"version":0,"block":{"attributes":{"available_server_type_ids":{"type":["list","number"],"description_kind":"plain","computed":true},"description":{"type":"string","description_kind":"plain","computed":true},"id":{"type":"number","description_kind":"plain","optional":true,"computed":true},"location":{"type":["map","string"],"description_kind":"plain","computed":true},"name":{"type":"string","description_kind":"plain","optional":true,"computed":true},"supported_server_type_ids":{"type":["list","number"],"description_kind":"plain","computed":true}},"description_kind":"plain"}},"hcloud_datacenters":{"version":0,"block":{"attributes":{"datacenter_ids":{"type":["list","string"],"description_kind":"plain","optional":true},"descriptions":{"type":["list","string"],"description_kind":"plain","computed":true},"id":{"type":"string","description_kind":"plain","optional":true,"computed":true},"names":{"type":["list","string"],"description_kind":"plain","computed":true}},"description_kind":"plain"}},"hcloud_floating_ip":{"version":0,"block":{"attributes":{"description":{"type":"string","description_kind":"plain","computed":true},"home_location":{"type":"string","description_kind":"plain","computed":true},"id":{"type":"number","description_kind":"plain","optional":true},"ip_address":{"type":"string","description_kind":"plain","optional":true,"computed":true},"ip_network":{"type":"string","description_kind":"plain","computed":true},"labels":{"type":["map","string"],"description_kind":"plain","computed":true},"name":{"type":"string","description_kind":"plain","optional":true},"selector":{"type":"string","description_kind":"plain","deprecated":true,"optional":true},"server_id":{"type":"number","description_kind":"plain","computed":true},"type":{"type":"string","description_kind":"plain","computed":true},"with_selector":{"type":"string","description_kind":"plain","optional":true}},"description_kind":"plain"}},"hcloud_image":{"version":0,"block":{"attributes":{"created":{"type":"string","description_kind":"plain","computed":true},"deprecated":{"type":"string","description_kind":"plain","computed":true},"description":{"type":"string","description_kind":"plain","computed":true},"id":{"type":"number","description_kind":"plain","optional":true},"labels":{"type":["map","string"],"description_kind":"plain","computed":true},"most_recent":{"type":"bool","description_kind":"plain","optional":true},"name":{"type":"string","description_kind":"plain","optional":true,"computed":true},"os_flavor":{"type":"string","description_kind":"plain","computed":true},"os_version":{"type":"string","description_kind":"plain","computed":true},"rapid_deploy":{"type":"bool","description_kind":"plain","computed":true},"selector":{"type":"string","description_kind":"plain","deprecated":true,"optional":true},"type":{"type":"string","description_kind":"plain","computed":true},"with_selector":{"type":"string","description_kind":"plain","optional":true},"with_status":{"type":["list","string"],"description_kind":"plain","optional":true}},"description_kind":"plain"}},"hcloud_load_balancer":{"version":0,"block":{"attributes":{"algorithm":{"type":["list",["object",{"type":"string"}]],"description_kind":"plain","computed":true},"id":{"type":"number","description_kind":"plain","optional":true},"ipv4":{"type":"string","description_kind":"plain","computed":true},"ipv6":{"type":"string","description_kind":"plain","computed":true},"labels":{"type":["map","string"],"description_kind":"plain","computed":true},"load_balancer_type":{"type":"string","description_kind":"plain","computed":true},"location":{"type":"string","description_kind":"plain","computed":true},"name":{"type":"string","description_kind":"plain","optional":true},"network_zone":{"type":"string","description_kind":"plain","computed":true},"service":{"type":["list",["object",{"destination_port":"number","health_check":["list",["object",{"http":["list",["object",{"domain":"string","path":"string","response":"string","status_codes":["list","number"],"tls":"bool"}]],"interval":"number","port":"number","protocol":"string","retries":"number","timeout":"number"}]],"http":["list",["object",{"certificates":["list","string"],"cookie_lifetime":"number","cookie_name":"string","redirect_http":"bool","sticky_sessions":"bool"}]],"listen_port":"number","protocol":"string","proxyprotocol":"bool"}]],"description_kind":"plain","computed":true},"target":{"type":["list",["object",{"label_selector":"string","server_id":"number","type":"string"}]],"description_kind":"plain","computed":true},"with_selector":{"type":"string","description_kind":"plain","optional":true}},"description_kind":"plain"}},"hcloud_location":{"version":0,"block":{"attributes":{"city":{"type":"string","description_kind":"plain","computed":true},"country":{"type":"string","description_kind":"plain","computed":true},"description":{"type":"string","description_kind":"plain","computed":true},"id":{"type":"number","description_kind":"plain","optional":true,"computed":true},"latitude":{"type":"number","description_kind":"plain","computed":true},"longitude":{"type":"number","description_kind":"plain","computed":true},"name":{"type":"string","description_kind":"plain","optional":true,"computed":true}},"description_kind":"plain"}},"hcloud_locations":{"version":0,"block":{"attributes":{"descriptions":{"type":["list","string"],"description_kind":"plain","computed":true},"id":{"type":"string","description_kind":"plain","optional":true,"computed":true},"location_ids":{"type":["list","string"],"description_kind":"plain","optional":true},"names":{"type":["list","string"],"description_kind":"plain","computed":true}},"description_kind":"plain"}},"hcloud_network":{"version":0,"block":{"attributes":{"id":{"type":"number","description_kind":"plain","optional":true},"ip_range":{"type":"string","description_kind":"plain","optional":true},"labels":{"type":["map","string"],"description_kind":"plain","optional":true},"name":{"type":"string","description_kind":"plain","optional":true},"with_selector":{"type":"string","description_kind":"plain","optional":true}},"description_kind":"plain"}},"hcloud_server":{"version":0,"block":{"attributes":{"backup_window":{"type":"string","description_kind":"plain","computed":true},"backups":{"type":"bool","description_kind":"plain","computed":true},"datacenter":{"type":"string","description_kind":"plain","computed":true},"id":{"type":"number","description_kind":"plain","optional":true,"computed":true},"image":{"type":"string","description_kind":"plain","computed":true},"ipv4_address":{"type":"string","description_kind":"plain","computed":true},"ipv6_address":{"type":"string","description_kind":"plain","computed":true},"ipv6_network":{"type":"string","description_kind":"plain","computed":true},"iso":{"type":"string","description_kind":"plain","computed":true},"labels":{"type":["map","string"],"description_kind":"plain","computed":true},"location":{"type":"string","description_kind":"plain","computed":true},"name":{"type":"string","description_kind":"plain","optional":true,"computed":true},"rescue":{"type":"string","description_kind":"plain","computed":true},"selector":{"type":"string","description_kind":"plain","deprecated":true,"optional":true},"server_type":{"type":"string","description_kind":"plain","computed":true},"status":{"type":"string","description_kind":"plain","computed":true},"with_selector":{"type":"string","description_kind":"plain","optional":true},"with_status":{"type":["list","string"],"description_kind":"plain","optional":true}},"description_kind":"plain"}},"hcloud_ssh_key":{"version":0,"block":{"attributes":{"fingerprint":{"type":"string","description_kind":"plain","optional":true,"computed":true},"id":{"type":"number","description_kind":"plain","optional":true},"labels":{"type":["map","string"],"description_kind":"plain","computed":true},"name":{"type":"string","description_kind":"plain","optional":true,"computed":true},"public_key":{"type":"string","description_kind":"plain","computed":true},"selector":{"type":"string","description_kind":"plain","deprecated":true,"optional":true},"with_selector":{"type":"string","description_kind":"plain","optional":true}},"description_kind":"plain"}},"hcloud_ssh_keys":{"version":0,"block":{"attributes":{"id":{"type":"string","description_kind":"plain","optional":true,"computed":true},"ssh_keys":{"type":["list",["object",{"fingerprint":"string","id":"number","labels":["map","string"],"name":"string","public_key":"string"}]],"description_kind":"plain","computed":true},"with_selector":{"type":"string","description_kind":"plain","optional":true}},"description_kind":"plain"}},"hcloud_volume":{"version":0,"block":{"attributes":{"id":{"type":"number","description_kind":"plain","optional":true},"labels":{"type":["map","string"],"description_kind":"plain","computed":true},"linux_device":{"type":"string","description_kind":"plain","computed":true},"location":{"type":"string","description_kind":"plain","optional":true},"name":{"type":"string","description_kind":"plain","optional":true,"computed":true},"selector":{"type":"string","description_kind":"plain","deprecated":true,"optional":true},"server":{"type":"string","description_kind":"plain","optional":true},"size":{"type":"number","description_kind":"plain","computed":true},"with_selector":{"type":"string","description_kind":"plain","optional":true},"with_status":{"type":["list","string"],"description_kind":"plain","optional":true}},"description_kind":"plain"}}}}}}
