{"format_version":"0.1","provider_schemas":{"registry.terraform.io/sethvargo/berglas":{"provider":{"version":0,"block":{"attributes":{"access_token":{"type":"string","description":"OAuth2 access token to use for communicating with Google APIs.","description_kind":"plain","optional":true},"credentials":{"type":"string","description":"JSON credentials with which to authenticate against the API. This can be set to\nthe raw credential contents or it can be set to a file path on disk which\ncontains the file contents.","description_kind":"plain","optional":true}},"description_kind":"plain"}},"resource_schemas":{"berglas_secret":{"version":0,"block":{"attributes":{"bucket":{"type":"string","description":"Name of the Cloud Storage bucket for the secret","description_kind":"plain","required":true},"generation":{"type":"number","description":"Generation of the object","description_kind":"plain","computed":true},"id":{"type":"string","description_kind":"plain","optional":true,"computed":true},"key":{"type":"string","description":"Fully-qualified name of the Cloud KMS key","description_kind":"plain","required":true},"metageneration":{"type":"number","description":"Metageneration of the object","description_kind":"plain","computed":true},"name":{"type":"string","description":"Name of the secret object in the bucket","description_kind":"plain","required":true},"plaintext":{"type":"string","description":"Plaintext contents","description_kind":"plain","required":true,"sensitive":true}},"description_kind":"plain"}}},"data_source_schemas":{"berglas_secret":{"version":0,"block":{"attributes":{"bucket":{"type":"string","description":"Name of the Cloud Storage bucket for the secret","description_kind":"plain","required":true},"generation":{"type":"number","description":"Generation of the object","description_kind":"plain","optional":true},"id":{"type":"string","description_kind":"plain","optional":true,"computed":true},"key":{"type":"string","description":"Fully-qualified name of the Cloud KMS key","description_kind":"plain","computed":true},"metageneration":{"type":"number","description":"Metageneration of the object","description_kind":"plain","computed":true},"name":{"type":"string","description":"Name of the secret object in the bucket","description_kind":"plain","required":true},"plaintext":{"type":"string","description":"Plaintext contents","description_kind":"plain","computed":true,"sensitive":true}},"description_kind":"plain"}}}}}}
