{"format_version":"0.1","provider_schemas":{"registry.terraform.io/sacloud/sakuracloud":{"provider":{"version":0,"block":{"attributes":{"accept_language":{"type":"string","description":"The value of AcceptLanguage header used when calling SakuraCloud API. It can also be sourced from the `SAKURACLOUD_ACCEPT_LANGUAGE` environment variables, or via a shared credentials file if `profile` is specified","description_kind":"plain","optional":true},"api_request_rate_limit":{"type":"number","description":"The maximum number of SakuraCloud API calls per second. It can also be sourced from the `SAKURACLOUD_RATE_LIMIT` environment variables, or via a shared credentials file if `profile` is specified. Default:`10`","description_kind":"plain","optional":true},"api_request_timeout":{"type":"number","description":"The timeout seconds for each SakuraCloud API call. It can also be sourced from the `SAKURACLOUD_API_REQUEST_TIMEOUT` environment variables, or via a shared credentials file if `profile` is specified. Default:`300`","description_kind":"plain","optional":true},"api_root_url":{"type":"string","description":"The root URL of SakuraCloud API. It can also be sourced from the `SAKURACLOUD_API_ROOT_URL` environment variables, or via a shared credentials file if `profile` is specified. Default:`https://secure.sakura.ad.jp/cloud/zone`","description_kind":"plain","optional":true},"default_zone":{"type":"string","description":"The name of zone to use as default for global resources. It must be provided, but it can also be sourced from the `SAKURACLOUD_DEFAULT_ZONE` environment variables, or via a shared credentials file if `profile` is specified","description_kind":"plain","optional":true},"fake_mode":{"type":"string","description":"The flag to enable fake of SakuraCloud API call. It is for debugging or developping the provider. It can also be sourced from the `FAKE_MODE` environment variables, or via a shared credentials file if `profile` is specified","description_kind":"plain","optional":true},"fake_store_path":{"type":"string","description":"The file path used by SakuraCloud API fake driver for storing fake data. It is for debugging or developping the provider. It can also be sourced from the `FAKE_STORE_PATH` environment variables, or via a shared credentials file if `profile` is specified","description_kind":"plain","optional":true},"profile":{"type":"string","description":"The profile name of your SakuraCloud account. Default:`default`","description_kind":"plain","optional":true},"retry_max":{"type":"number","description":"The maximum number of API call retries used when SakuraCloud API returns status code `423` or `503`. It can also be sourced from the `SAKURACLOUD_RETRY_MAX` environment variables, or via a shared credentials file if `profile` is specified. Default:`100`","description_kind":"plain","optional":true},"retry_wait_max":{"type":"number","description":"The maximum wait interval(in seconds) for retrying API call used when SakuraCloud API returns status code `423` or `503`.  It can also be sourced from the `SAKURACLOUD_RETRY_WAIT_MAX` environment variables, or via a shared credentials file if `profile` is specified","description_kind":"plain","optional":true},"retry_wait_min":{"type":"number","description":"The minimum wait interval(in seconds) for retrying API call used when SakuraCloud API returns status code `423` or `503`. It can also be sourced from the `SAKURACLOUD_RETRY_WAIT_MIN` environment variables, or via a shared credentials file if `profile` is specified","description_kind":"plain","optional":true},"secret":{"type":"string","description":"The API secret of your SakuraCloud account. It must be provided, but it can also be sourced from the `SAKURACLOUD_ACCESS_TOKEN_SECRET` environment variables, or via a shared credentials file if `profile` is specified","description_kind":"plain","optional":true},"token":{"type":"string","description":"The API token of your SakuraCloud account. It must be provided, but it can also be sourced from the `SAKURACLOUD_ACCESS_TOKEN` environment variables, or via a shared credentials file if `profile` is specified","description_kind":"plain","optional":true},"trace":{"type":"string","description":"The flag to enable output trace log. It can also be sourced from the `SAKURACLOUD_TRACE` environment variables, or via a shared credentials file if `profile` is specified","description_kind":"plain","optional":true},"zone":{"type":"string","description":"The name of zone to use as default. It must be provided, but it can also be sourced from the `SAKURACLOUD_ZONE` environment variables, or via a shared credentials file if `profile` is specified","description_kind":"plain","optional":true},"zones":{"type":["list","string"],"description":"A list of available SakuraCloud zone name. It can also be sourced via a shared credentials file if `profile` is specified. Default:[`is1a`, `is1b`, `tk1a`, `tk1v`]","description_kind":"plain","optional":true}},"description_kind":"plain"}},"resource_schemas":{"sakuracloud_archive":{"version":0,"block":{"attributes":{"archive_file":{"type":"string","description":"The file path to upload to the SakuraCloud","description_kind":"plain","optional":true},"description":{"type":"string","description":"The description of the archive. The length of this value must be in the range [`1`-`512`]","description_kind":"plain","optional":true},"hash":{"type":"string","description":"The md5 checksum calculated from the base64 encoded file body","description_kind":"plain","optional":true,"computed":true},"icon_id":{"type":"string","description":"The icon id to attach to the archive","description_kind":"plain","optional":true},"id":{"type":"string","description_kind":"plain","optional":true,"computed":true},"name":{"type":"string","description":"The name of the archive. The length of this value must be in the range [`1`-`64`]","description_kind":"plain","required":true},"size":{"type":"number","description":"The size of archive in GiB. This must be one of [`20`/`40`/`60`/`80`/`100`/`250`/`500`/`750`/`1024`]","description_kind":"plain","optional":true},"source_archive_id":{"type":"string","description":"The id of the source archive. This conflicts with [`source_disk_id`]","description_kind":"plain","optional":true},"source_archive_zone":{"type":"string","description":"The share key of source shared archive","description_kind":"plain","optional":true},"source_disk_id":{"type":"string","description":"The id of the source disk. This conflicts with [`source_archive_id`]","description_kind":"plain","optional":true},"source_shared_key":{"type":"string","description":"The share key of source shared archive","description_kind":"plain","optional":true,"sensitive":true},"tags":{"type":["set","string"],"description":"Any tags to assign to the archive","description_kind":"plain","optional":true},"zone":{"type":"string","description":"The name of zone that the archive will be created (e.g. `is1a`, `tk1a`)","description_kind":"plain","optional":true,"computed":true}},"block_types":{"timeouts":{"nesting_mode":"single","block":{"attributes":{"create":{"type":"string","description_kind":"plain","optional":true},"delete":{"type":"string","description_kind":"plain","optional":true},"update":{"type":"string","description_kind":"plain","optional":true}},"description_kind":"plain"}}},"description_kind":"plain"}},"sakuracloud_archive_share":{"version":0,"block":{"attributes":{"archive_id":{"type":"string","description":"The id of the archive","description_kind":"plain","required":true},"id":{"type":"string","description_kind":"plain","optional":true,"computed":true},"share_key":{"type":"string","description":"The key to use sharing the Archive","description_kind":"plain","computed":true,"sensitive":true},"zone":{"type":"string","description":"The name of zone that the ArchiveShare will be created (e.g. `is1a`, `tk1a`)","description_kind":"plain","optional":true,"computed":true}},"block_types":{"timeouts":{"nesting_mode":"single","block":{"attributes":{"create":{"type":"string","description_kind":"plain","optional":true},"delete":{"type":"string","description_kind":"plain","optional":true},"update":{"type":"string","description_kind":"plain","optional":true}},"description_kind":"plain"}}},"description_kind":"plain"}},"sakuracloud_auto_backup":{"version":0,"block":{"attributes":{"description":{"type":"string","description":"The description of the AutoBackup. The length of this value must be in the range [`1`-`512`]","description_kind":"plain","optional":true},"disk_id":{"type":"string","description":"The disk id to backed up","description_kind":"plain","required":true},"icon_id":{"type":"string","description":"The icon id to attach to the AutoBackup","description_kind":"plain","optional":true},"id":{"type":"string","description_kind":"plain","optional":true,"computed":true},"max_backup_num":{"type":"number","description":"The number backup files to keep. This must be in the range [`1`-`10`]","description_kind":"plain","optional":true},"name":{"type":"string","description":"The name of the AutoBackup. The length of this value must be in the range [`1`-`64`]","description_kind":"plain","required":true},"tags":{"type":["set","string"],"description":"Any tags to assign to the AutoBackup","description_kind":"plain","optional":true},"weekdays":{"type":["set","string"],"description":"A list of weekdays to backed up. The values in the list must be in [`sun`/`mon`/`tue`/`wed`/`thu`/`fri`/`sat`]","description_kind":"plain","required":true},"zone":{"type":"string","description":"The name of zone that the AutoBackup will be created (e.g. `is1a`, `tk1a`)","description_kind":"plain","optional":true,"computed":true}},"block_types":{"timeouts":{"nesting_mode":"single","block":{"attributes":{"create":{"type":"string","description_kind":"plain","optional":true},"delete":{"type":"string","description_kind":"plain","optional":true},"update":{"type":"string","description_kind":"plain","optional":true}},"description_kind":"plain"}}},"description_kind":"plain"}},"sakuracloud_bridge":{"version":0,"block":{"attributes":{"description":{"type":"string","description":"The description of the Bridge. The length of this value must be in the range [`1`-`512`]","description_kind":"plain","optional":true},"id":{"type":"string","description_kind":"plain","optional":true,"computed":true},"name":{"type":"string","description":"The name of the Bridge. The length of this value must be in the range [`1`-`64`]","description_kind":"plain","required":true},"zone":{"type":"string","description":"The name of zone that the Bridge will be created (e.g. `is1a`, `tk1a`)","description_kind":"plain","optional":true,"computed":true}},"block_types":{"timeouts":{"nesting_mode":"single","block":{"attributes":{"create":{"type":"string","description_kind":"plain","optional":true},"delete":{"type":"string","description_kind":"plain","optional":true},"update":{"type":"string","description_kind":"plain","optional":true}},"description_kind":"plain"}}},"description_kind":"plain"}},"sakuracloud_bucket_object":{"version":0,"block":{"attributes":{"access_key":{"type":"string","description":"The access key for using SakuraCloud Object Storage API","description_kind":"plain","required":true},"bucket":{"type":"string","description":"The name of the bucket","description_kind":"plain","required":true},"content":{"type":"string","description":"The content to upload to as the bucket object. This conflicts with [`source`]","description_kind":"plain","optional":true},"content_type":{"type":"string","description":"The content-type of the bucket object","description_kind":"plain","optional":true,"computed":true},"etag":{"type":"string","description":"The etag of the bucket object","description_kind":"plain","optional":true,"computed":true},"http_cache_url":{"type":"string","description":"The URL for cached access to the bucket object via HTTP","description_kind":"plain","computed":true},"http_path_url":{"type":"string","description":"The URL with path-format for accessing the bucket object via HTTP","description_kind":"plain","computed":true},"http_url":{"type":"string","description":"The URL for accessing the bucket object via HTTP","description_kind":"plain","computed":true},"https_cache_url":{"type":"string","description":"The URL for cached access to the bucket object via HTTPS","description_kind":"plain","computed":true},"https_path_url":{"type":"string","description":"The URL with path-format for accessing the bucket object via HTTPS","description_kind":"plain","computed":true},"https_url":{"type":"string","description":"The URL for accessing the bucket object via HTTPS","description_kind":"plain","computed":true},"id":{"type":"string","description_kind":"plain","optional":true,"computed":true},"key":{"type":"string","description":"The name of the bucket object","description_kind":"plain","required":true},"last_modified":{"type":"string","description":"The time when the bucket object last modified","description_kind":"plain","computed":true},"secret_key":{"type":"string","description":"The secret key for using SakuraCloud Object Storage API","description_kind":"plain","required":true,"sensitive":true},"size":{"type":"number","description":"The size of the bucket object in bytes","description_kind":"plain","computed":true},"source":{"type":"string","description":"The file path to upload to as the bucket object. This conflicts with [`content`]","description_kind":"plain","optional":true}},"description_kind":"plain"}},"sakuracloud_cdrom":{"version":0,"block":{"attributes":{"content":{"type":"string","description":"The content to upload to as the CD-ROM. This conflicts with [`iso_image_file`]","description_kind":"plain","optional":true},"content_file_name":{"type":"string","description":"The name of content file to upload to as the CD-ROM. This is only used when `content` is specified. This conflicts with [`iso_image_file`]","description_kind":"plain","optional":true},"description":{"type":"string","description":"The description of the CD-ROM. The length of this value must be in the range [`1`-`512`]","description_kind":"plain","optional":true},"hash":{"type":"string","description":"The md5 checksum calculated from the base64 encoded file body","description_kind":"plain","optional":true,"computed":true},"icon_id":{"type":"string","description":"The icon id to attach to the CD-ROM","description_kind":"plain","optional":true},"id":{"type":"string","description_kind":"plain","optional":true,"computed":true},"iso_image_file":{"type":"string","description":"The file path to upload to as the CD-ROM. This conflicts with [`content`]","description_kind":"plain","optional":true},"name":{"type":"string","description":"The name of the CD-ROM. The length of this value must be in the range [`1`-`64`]","description_kind":"plain","required":true},"size":{"type":"number","description":"The size of CD-ROM in GiB. This must be one of [`5`/`10`]","description_kind":"plain","optional":true},"tags":{"type":["set","string"],"description":"Any tags to assign to the CD-ROM","description_kind":"plain","optional":true},"zone":{"type":"string","description":"The name of zone that the CD-ROM will be created (e.g. `is1a`, `tk1a`)","description_kind":"plain","optional":true,"computed":true}},"block_types":{"timeouts":{"nesting_mode":"single","block":{"attributes":{"create":{"type":"string","description_kind":"plain","optional":true},"delete":{"type":"string","description_kind":"plain","optional":true},"update":{"type":"string","description_kind":"plain","optional":true}},"description_kind":"plain"}}},"description_kind":"plain"}},"sakuracloud_container_registry":{"version":0,"block":{"attributes":{"access_level":{"type":"string","description":"The level of access that allow to users. This must be one of [`readwrite`/`readonly`/`none`]","description_kind":"plain","required":true},"description":{"type":"string","description":"The description of the Container Registry. The length of this value must be in the range [`1`-`512`]","description_kind":"plain","optional":true},"fqdn":{"type":"string","description":"The FQDN for accessing the Container Registry. FQDN is built from `subdomain_label` + `.sakuracr.jp`","description_kind":"plain","computed":true},"icon_id":{"type":"string","description":"The icon id to attach to the Container Registry","description_kind":"plain","optional":true},"id":{"type":"string","description_kind":"plain","optional":true,"computed":true},"name":{"type":"string","description":"The name of the Container Registry. The length of this value must be in the range [`1`-`64`]","description_kind":"plain","required":true},"subdomain_label":{"type":"string","description":"The label at the lowest of the FQDN used when be accessed from users. The length of this value must be in the range [`1`-`64`]","description_kind":"plain","required":true},"tags":{"type":["set","string"],"description":"Any tags to assign to the Container Registry","description_kind":"plain","optional":true},"virtual_domain":{"type":"string","description":"The alias for accessing the container registry","description_kind":"plain","optional":true}},"block_types":{"timeouts":{"nesting_mode":"single","block":{"attributes":{"create":{"type":"string","description_kind":"plain","optional":true},"delete":{"type":"string","description_kind":"plain","optional":true},"update":{"type":"string","description_kind":"plain","optional":true}},"description_kind":"plain"}},"user":{"nesting_mode":"list","block":{"attributes":{"name":{"type":"string","description":"The user name used to authenticate remote access","description_kind":"plain","required":true},"password":{"type":"string","description":"The password used to authenticate remote access","description_kind":"plain","required":true,"sensitive":true},"permission":{"type":"string","description":"The level of access that allow to the user. This must be one of [`all`/`readwrite`/`readonly`]","description_kind":"plain","required":true}},"description_kind":"plain"}}},"description_kind":"plain"}},"sakuracloud_database":{"version":0,"block":{"attributes":{"database_type":{"type":"string","description":"The type of the database. This must be one of [`mariadb`/`postgres`]","description_kind":"plain","optional":true},"description":{"type":"string","description":"The description of the Database. The length of this value must be in the range [`1`-`512`]","description_kind":"plain","optional":true},"icon_id":{"type":"string","description":"The icon id to attach to the Database","description_kind":"plain","optional":true},"id":{"type":"string","description_kind":"plain","optional":true,"computed":true},"name":{"type":"string","description":"The name of the Database. The length of this value must be in the range [`1`-`64`]","description_kind":"plain","required":true},"password":{"type":"string","description":"The password of default user on the database","description_kind":"plain","required":true,"sensitive":true},"plan":{"type":"string","description":"The plan name of the Database. This must be one of [`10g`/`30g`/`90g`/`240g`/`500g`/`1t`]","description_kind":"plain","optional":true},"replica_password":{"type":"string","description":"The password of user that processing a replication","description_kind":"plain","optional":true,"sensitive":true},"replica_user":{"type":"string","description":"The name of user that processing a replication","description_kind":"plain","optional":true},"tags":{"type":["set","string"],"description":"Any tags to assign to the Database","description_kind":"plain","optional":true},"username":{"type":"string","description":"The name of default user on the database. The length of this value must be in the range [`3`-`20`]","description_kind":"plain","required":true},"zone":{"type":"string","description":"The name of zone that the Database will be created (e.g. `is1a`, `tk1a`)","description_kind":"plain","optional":true,"computed":true}},"block_types":{"backup":{"nesting_mode":"list","block":{"attributes":{"time":{"type":"string","description":"The time to take backup. This must be formatted with `HH:mm`","description_kind":"plain","optional":true},"weekdays":{"type":["set","string"],"description":"A list of weekdays to backed up. The values in the list must be in [`sun`/`mon`/`tue`/`wed`/`thu`/`fri`/`sat`]","description_kind":"plain","optional":true}},"description_kind":"plain"},"max_items":1},"network_interface":{"nesting_mode":"list","block":{"attributes":{"gateway":{"type":"string","description":"The IP address of the gateway used by Database","description_kind":"plain","required":true},"ip_address":{"type":"string","description":"The IP address to assign to the Database","description_kind":"plain","required":true},"netmask":{"type":"number","description":"The bit length of the subnet to assign to the Database. This must be in the range [`8`-`29`]","description_kind":"plain","required":true},"port":{"type":"number","description":"The number of the listening port. This must be in the range [`1024`-`65535`]","description_kind":"plain","optional":true},"source_ranges":{"type":["list","string"],"description":"The range of source IP addresses that allow to access to the Database via network","description_kind":"plain","optional":true},"switch_id":{"type":"string","description":"The id of the switch to which the Database connects","description_kind":"plain","required":true}},"description_kind":"plain"},"min_items":1,"max_items":1},"timeouts":{"nesting_mode":"single","block":{"attributes":{"create":{"type":"string","description_kind":"plain","optional":true},"delete":{"type":"string","description_kind":"plain","optional":true},"update":{"type":"string","description_kind":"plain","optional":true}},"description_kind":"plain"}}},"description_kind":"plain"}},"sakuracloud_database_read_replica":{"version":0,"block":{"attributes":{"description":{"type":"string","description":"The description of the read-replica database. The length of this value must be in the range [`1`-`512`]","description_kind":"plain","optional":true},"icon_id":{"type":"string","description":"The icon id to attach to the read-replica database","description_kind":"plain","optional":true},"id":{"type":"string","description_kind":"plain","optional":true,"computed":true},"master_id":{"type":"string","description":"The id of the replication master database","description_kind":"plain","required":true},"name":{"type":"string","description":"The name of the read-replica database. The length of this value must be in the range [`1`-`64`]","description_kind":"plain","required":true},"tags":{"type":["set","string"],"description":"Any tags to assign to the read-replica database","description_kind":"plain","optional":true},"zone":{"type":"string","description":"The name of zone that the read-replica database will be created (e.g. `is1a`, `tk1a`)","description_kind":"plain","optional":true,"computed":true}},"block_types":{"network_interface":{"nesting_mode":"list","block":{"attributes":{"gateway":{"type":"string","description":"The IP address of the gateway used by read-replica database. If `gateway` isn't specified, it will be set to the same value of the master database","description_kind":"plain","optional":true,"computed":true},"ip_address":{"type":"string","description":"The IP address to assign to the read-replica database","description_kind":"plain","required":true},"netmask":{"type":"number","description":"The bit length of the subnet to assign to the read-replica database. This must be in the range [`8`-`29`]. If `netmask` isn't specified, it will be set to the same value of the master database","description_kind":"plain","optional":true,"computed":true},"source_ranges":{"type":["list","string"],"description":"The range of source IP addresses that allow to access to the read-replica database via network","description_kind":"plain","optional":true},"switch_id":{"type":"string","description":"The id of the switch to which the read-replica database connects. If `switch_id` isn't specified, it will be set to the same value of the master database","description_kind":"plain","optional":true,"computed":true}},"description_kind":"plain"},"min_items":1,"max_items":1},"timeouts":{"nesting_mode":"single","block":{"attributes":{"create":{"type":"string","description_kind":"plain","optional":true},"delete":{"type":"string","description_kind":"plain","optional":true},"update":{"type":"string","description_kind":"plain","optional":true}},"description_kind":"plain"}}},"description_kind":"plain"}},"sakuracloud_disk":{"version":0,"block":{"attributes":{"connector":{"type":"string","description":"The name of the disk connector. This must be one of [`virtio`/`ide`]","description_kind":"plain","optional":true},"description":{"type":"string","description":"The description of the disk. The length of this value must be in the range [`1`-`512`]","description_kind":"plain","optional":true},"distant_from":{"type":["list","string"],"description":"A list of disk id. The disk will be located to different storage from these disks","description_kind":"plain","optional":true},"icon_id":{"type":"string","description":"The icon id to attach to the disk","description_kind":"plain","optional":true},"id":{"type":"string","description_kind":"plain","optional":true,"computed":true},"name":{"type":"string","description":"The name of the disk. The length of this value must be in the range [`1`-`64`]","description_kind":"plain","required":true},"plan":{"type":"string","description":"The plan name of the disk. This must be one of [`ssd`/`hdd`]","description_kind":"plain","optional":true},"server_id":{"type":"string","description":"The id of the Server connected to the disk","description_kind":"plain","computed":true},"size":{"type":"number","description":"The size of disk in GiB","description_kind":"plain","optional":true},"source_archive_id":{"type":"string","description":"The id of the source archive. This conflicts with [`source_disk_id`]","description_kind":"plain","optional":true},"source_disk_id":{"type":"string","description":"The id of the source disk. This conflicts with [`source_archive_id`]","description_kind":"plain","optional":true},"tags":{"type":["set","string"],"description":"Any tags to assign to the disk","description_kind":"plain","optional":true},"zone":{"type":"string","description":"The name of zone that the disk will be created (e.g. `is1a`, `tk1a`)","description_kind":"plain","optional":true,"computed":true}},"block_types":{"timeouts":{"nesting_mode":"single","block":{"attributes":{"create":{"type":"string","description_kind":"plain","optional":true},"delete":{"type":"string","description_kind":"plain","optional":true},"update":{"type":"string","description_kind":"plain","optional":true}},"description_kind":"plain"}}},"description_kind":"plain"}},"sakuracloud_dns":{"version":0,"block":{"attributes":{"description":{"type":"string","description":"The description of the DNS. The length of this value must be in the range [`1`-`512`]","description_kind":"plain","optional":true},"dns_servers":{"type":["list","string"],"description":"A list of IP address of DNS server that manage this zone","description_kind":"plain","computed":true},"icon_id":{"type":"string","description":"The icon id to attach to the DNS","description_kind":"plain","optional":true},"id":{"type":"string","description_kind":"plain","optional":true,"computed":true},"tags":{"type":["set","string"],"description":"Any tags to assign to the DNS","description_kind":"plain","optional":true},"zone":{"type":"string","description":"The target zone. (e.g. `example.com`)","description_kind":"plain","required":true}},"block_types":{"record":{"nesting_mode":"list","block":{"attributes":{"name":{"type":"string","description":"The name of the DNS Record. The length of this value must be in the range [`1`-`64`]","description_kind":"plain","required":true},"port":{"type":"number","description":"The number of port. This must be in the range [`1`-`65535`]","description_kind":"plain","optional":true},"priority":{"type":"number","description":"The priority of target DNS Record. This must be in the range [`0`-`65535`]","description_kind":"plain","optional":true},"ttl":{"type":"number","description":"The number of the TTL","description_kind":"plain","optional":true},"type":{"type":"string","description":"The type of DNS Record. This must be one of [`A`/`AAAA`/`ALIAS`/`CNAME`/`NS`/`MX`/`TXT`/`SRV`/`CAA`/`PTR`]","description_kind":"plain","required":true},"value":{"type":"string","description":"The value of the DNS Record","description_kind":"plain","required":true},"weight":{"type":"number","description":"The weight of target DNS Record. This must be in the range [`0`-`65535`]","description_kind":"plain","optional":true}},"description_kind":"plain"},"max_items":1000},"timeouts":{"nesting_mode":"single","block":{"attributes":{"create":{"type":"string","description_kind":"plain","optional":true},"delete":{"type":"string","description_kind":"plain","optional":true},"update":{"type":"string","description_kind":"plain","optional":true}},"description_kind":"plain"}}},"description_kind":"plain"}},"sakuracloud_dns_record":{"version":0,"block":{"attributes":{"dns_id":{"type":"string","description":"The id of the DNS resource","description_kind":"plain","required":true},"id":{"type":"string","description_kind":"plain","optional":true,"computed":true},"name":{"type":"string","description":"The name of the DNS Record resource","description_kind":"plain","required":true},"port":{"type":"number","description":"The number of port. This must be in the range [`1`-`65535`]","description_kind":"plain","optional":true},"priority":{"type":"number","description":"The priority of target DNS Record. This must be in the range [`0`-`65535`]","description_kind":"plain","optional":true},"ttl":{"type":"number","description":"The number of the TTL","description_kind":"plain","optional":true},"type":{"type":"string","description":"The type of DNS Record. This must be one of [`A`/`AAAA`/`ALIAS`/`CNAME`/`NS`/`MX`/`TXT`/`SRV`/`CAA`/`PTR`]","description_kind":"plain","required":true},"value":{"type":"string","description":"The value of the DNS Record","description_kind":"plain","required":true},"weight":{"type":"number","description":"The weight of target DNS Record. This must be in the range [`0`-`65535`]","description_kind":"plain","optional":true}},"block_types":{"timeouts":{"nesting_mode":"single","block":{"attributes":{"create":{"type":"string","description_kind":"plain","optional":true},"delete":{"type":"string","description_kind":"plain","optional":true}},"description_kind":"plain"}}},"description_kind":"plain"}},"sakuracloud_gslb":{"version":0,"block":{"attributes":{"description":{"type":"string","description":"The description of the GSLB. The length of this value must be in the range [`1`-`512`]","description_kind":"plain","optional":true},"fqdn":{"type":"string","description":"The FQDN for accessing to the GSLB. This is typically used as value of CNAME record","description_kind":"plain","computed":true},"icon_id":{"type":"string","description":"The icon id to attach to the GSLB","description_kind":"plain","optional":true},"id":{"type":"string","description_kind":"plain","optional":true,"computed":true},"name":{"type":"string","description":"The name of the GSLB. The length of this value must be in the range [`1`-`64`]","description_kind":"plain","required":true},"sorry_server":{"type":"string","description":"The IP address of the SorryServer. This will be used when all servers are down","description_kind":"plain","optional":true},"tags":{"type":["set","string"],"description":"Any tags to assign to the GSLB","description_kind":"plain","optional":true},"weighted":{"type":"bool","description":"The flag to enable weighted load-balancing","description_kind":"plain","optional":true}},"block_types":{"health_check":{"nesting_mode":"list","block":{"attributes":{"delay_loop":{"type":"number","description":"The interval in seconds between checks. This must be in the range [`10`-`60`]","description_kind":"plain","optional":true},"host_header":{"type":"string","description":"The value of host header send when checking by HTTP/HTTPS","description_kind":"plain","optional":true},"path":{"type":"string","description":"The path used when checking by HTTP/HTTPS","description_kind":"plain","optional":true},"port":{"type":"number","description":"The port number used when checking by TCP","description_kind":"plain","optional":true},"protocol":{"type":"string","description":"The protocol used for health checks. This must be one of [`http`/`https`/`tcp`/`ping`]","description_kind":"plain","required":true},"status":{"type":"string","description":"The response-code to expect when checking by HTTP/HTTPS","description_kind":"plain","optional":true}},"description_kind":"plain"},"min_items":1,"max_items":1},"server":{"nesting_mode":"list","block":{"attributes":{"enabled":{"type":"bool","description":"The flag to enable as destination of load balancing","description_kind":"plain","optional":true},"ip_address":{"type":"string","description":"The IP address of the server","description_kind":"plain","required":true},"weight":{"type":"number","description":"The weight used when weighted load balancing is enabled. This must be in the range [`1`-`10000`]","description_kind":"plain","optional":true}},"description_kind":"plain"},"max_items":12},"timeouts":{"nesting_mode":"single","block":{"attributes":{"create":{"type":"string","description_kind":"plain","optional":true},"delete":{"type":"string","description_kind":"plain","optional":true},"update":{"type":"string","description_kind":"plain","optional":true}},"description_kind":"plain"}}},"description_kind":"plain"}},"sakuracloud_icon":{"version":0,"block":{"attributes":{"base64content":{"type":"string","description":"The base64 encoded content to upload to as the Icon. This conflicts with [`source`]","description_kind":"plain","optional":true},"id":{"type":"string","description_kind":"plain","optional":true,"computed":true},"name":{"type":"string","description":"The name of the Icon. The length of this value must be in the range [`1`-`64`]","description_kind":"plain","required":true},"source":{"type":"string","description":"The file path to upload to as the Icon. This conflicts with [`base64content`]","description_kind":"plain","optional":true},"tags":{"type":["set","string"],"description":"Any tags to assign to the Icon","description_kind":"plain","optional":true},"url":{"type":"string","description":"The URL for getting the icon's raw data","description_kind":"plain","computed":true}},"block_types":{"timeouts":{"nesting_mode":"single","block":{"attributes":{"create":{"type":"string","description_kind":"plain","optional":true},"delete":{"type":"string","description_kind":"plain","optional":true},"update":{"type":"string","description_kind":"plain","optional":true}},"description_kind":"plain"}}},"description_kind":"plain"}},"sakuracloud_internet":{"version":0,"block":{"attributes":{"band_width":{"type":"number","description":"The bandwidth of the network connected to the Internet in Mbps. `100`/`250`/`500`/`1000`/`1500`/`2000`/`2500`/`3000`/`5000`","description_kind":"plain","optional":true},"description":{"type":"string","description":"The description of the Switch+Router. The length of this value must be in the range [`1`-`512`]","description_kind":"plain","optional":true},"enable_ipv6":{"type":"bool","description":"The flag to enable IPv6","description_kind":"plain","optional":true},"gateway":{"type":"string","description":"The IP address of the gateway used by the Switch+Router","description_kind":"plain","computed":true},"icon_id":{"type":"string","description":"The icon id to attach to the Switch+Router","description_kind":"plain","optional":true},"id":{"type":"string","description_kind":"plain","optional":true,"computed":true},"ip_addresses":{"type":["list","string"],"description":"A list of assigned global address to the Switch+Router","description_kind":"plain","computed":true},"ipv6_network_address":{"type":"string","description":"The IPv6 network address assigned to the Switch+Router","description_kind":"plain","computed":true},"ipv6_prefix":{"type":"string","description":"The network prefix of assigned IPv6 addresses to the Switch+Router","description_kind":"plain","computed":true},"ipv6_prefix_len":{"type":"number","description":"The bit length of IPv6 network prefix","description_kind":"plain","computed":true},"max_ip_address":{"type":"string","description":"Maximum IP address in assigned global addresses to the Switch+Router","description_kind":"plain","computed":true},"min_ip_address":{"type":"string","description":"Minimum IP address in assigned global addresses to the Switch+Router","description_kind":"plain","computed":true},"name":{"type":"string","description":"The name of the Switch+Router. The length of this value must be in the range [`1`-`64`]","description_kind":"plain","required":true},"netmask":{"type":"number","description":"The bit length of the subnet assigned to the Switch+Router. `26`/`27`/`28`","description_kind":"plain","optional":true},"network_address":{"type":"string","description":"The IPv4 network address assigned to the Switch+Router","description_kind":"plain","computed":true},"server_ids":{"type":["list","string"],"description":"A list of the ID of Servers connected to the Switch+Router","description_kind":"plain","computed":true},"switch_id":{"type":"string","description":"The id of the switch","description_kind":"plain","computed":true},"tags":{"type":["set","string"],"description":"Any tags to assign to the Switch+Router","description_kind":"plain","optional":true},"zone":{"type":"string","description":"The name of zone that the Switch+Router will be created (e.g. `is1a`, `tk1a`)","description_kind":"plain","optional":true,"computed":true}},"block_types":{"timeouts":{"nesting_mode":"single","block":{"attributes":{"create":{"type":"string","description_kind":"plain","optional":true},"delete":{"type":"string","description_kind":"plain","optional":true},"update":{"type":"string","description_kind":"plain","optional":true}},"description_kind":"plain"}}},"description_kind":"plain"}},"sakuracloud_ipv4_ptr":{"version":0,"block":{"attributes":{"hostname":{"type":"string","description":"The value of the PTR record. This must be FQDN","description_kind":"plain","required":true},"id":{"type":"string","description_kind":"plain","optional":true,"computed":true},"ip_address":{"type":"string","description":"The IP address to which the PTR record is set","description_kind":"plain","required":true},"retry_interval":{"type":"number","description":"The wait interval(in seconds) for retrying API call used when SakuraCloud API returns any errors","description_kind":"plain","optional":true},"retry_max":{"type":"number","description":"The maximum number of API call retries used when SakuraCloud API returns any errors","description_kind":"plain","optional":true},"zone":{"type":"string","description":"The name of zone that the IPv4 PTR will be created (e.g. `is1a`, `tk1a`)","description_kind":"plain","optional":true,"computed":true}},"block_types":{"timeouts":{"nesting_mode":"single","block":{"attributes":{"create":{"type":"string","description_kind":"plain","optional":true},"delete":{"type":"string","description_kind":"plain","optional":true},"update":{"type":"string","description_kind":"plain","optional":true}},"description_kind":"plain"}}},"description_kind":"plain"}},"sakuracloud_load_balancer":{"version":0,"block":{"attributes":{"description":{"type":"string","description":"The description of the LoadBalancer. The length of this value must be in the range [`1`-`512`]","description_kind":"plain","optional":true},"icon_id":{"type":"string","description":"The icon id to attach to the LoadBalancer","description_kind":"plain","optional":true},"id":{"type":"string","description_kind":"plain","optional":true,"computed":true},"name":{"type":"string","description":"The name of the LoadBalancer. The length of this value must be in the range [`1`-`64`]","description_kind":"plain","required":true},"plan":{"type":"string","description":"The plan name of the LoadBalancer. This must be one of [`standard`/`highspec`]","description_kind":"plain","optional":true},"tags":{"type":["set","string"],"description":"Any tags to assign to the LoadBalancer","description_kind":"plain","optional":true},"zone":{"type":"string","description":"The name of zone that the LoadBalancer will be created (e.g. `is1a`, `tk1a`)","description_kind":"plain","optional":true,"computed":true}},"block_types":{"network_interface":{"nesting_mode":"list","block":{"attributes":{"gateway":{"type":"string","description":"The IP address of the gateway used by LoadBalancer","description_kind":"plain","optional":true},"ip_addresses":{"type":["list","string"],"description":"A list of IP address to assign to the LoadBalancer. ","description_kind":"plain","required":true},"netmask":{"type":"number","description":"The bit length of the subnet assigned to the LoadBalancer. This must be in the range [`8`-`29`]","description_kind":"plain","required":true},"switch_id":{"type":"string","description":"The id of the switch to which the LoadBalancer connects","description_kind":"plain","required":true},"vrid":{"type":"number","description":"The Virtual Router Identifier","description_kind":"plain","required":true}},"description_kind":"plain"},"min_items":1,"max_items":1},"timeouts":{"nesting_mode":"single","block":{"attributes":{"create":{"type":"string","description_kind":"plain","optional":true},"delete":{"type":"string","description_kind":"plain","optional":true},"update":{"type":"string","description_kind":"plain","optional":true}},"description_kind":"plain"}},"vip":{"nesting_mode":"list","block":{"attributes":{"delay_loop":{"type":"number","description":"The interval in seconds between checks. This must be in the range [`10`-`2147483647`]","description_kind":"plain","optional":true},"description":{"type":"string","description":"The description of the VIP. The length of this value must be in the range [`1`-`512`]","description_kind":"plain","optional":true},"port":{"type":"number","description":"The target port number for load-balancing. This must be in the range [`1`-`65535`]","description_kind":"plain","required":true},"sorry_server":{"type":"string","description":"The IP address of the SorryServer. This will be used when all servers under this VIP are down","description_kind":"plain","optional":true},"vip":{"type":"string","description":"The virtual IP address","description_kind":"plain","required":true}},"block_types":{"server":{"nesting_mode":"list","block":{"attributes":{"enabled":{"type":"bool","description":"The flag to enable as destination of load balancing","description_kind":"plain","optional":true},"ip_address":{"type":"string","description":"The IP address of the destination server","description_kind":"plain","required":true},"path":{"type":"string","description":"The path used when checking by HTTP/HTTPS","description_kind":"plain","optional":true},"protocol":{"type":"string","description":"The protocol used for health checks. This must be one of [`http`/`https`/`tcp`/`ping`]","description_kind":"plain","required":true},"status":{"type":"string","description":"The response code to expect when checking by HTTP/HTTPS","description_kind":"plain","optional":true}},"description_kind":"plain"},"max_items":40}},"description_kind":"plain"},"max_items":10}},"description_kind":"plain"}},"sakuracloud_local_router":{"version":0,"block":{"attributes":{"description":{"type":"string","description":"The description of the LocalRouter. The length of this value must be in the range [`1`-`512`]","description_kind":"plain","optional":true},"icon_id":{"type":"string","description":"The icon id to attach to the LocalRouter","description_kind":"plain","optional":true},"id":{"type":"string","description_kind":"plain","optional":true,"computed":true},"name":{"type":"string","description":"The name of the LocalRouter. The length of this value must be in the range [`1`-`64`]","description_kind":"plain","required":true},"secret_keys":{"type":["list","string"],"description":"A list of secret key used for peering from other LocalRouters","description_kind":"plain","computed":true},"tags":{"type":["set","string"],"description":"Any tags to assign to the LocalRouter","description_kind":"plain","optional":true}},"block_types":{"network_interface":{"nesting_mode":"list","block":{"attributes":{"ip_addresses":{"type":["list","string"],"description":"A list of IP address to assign to the LocalRouter. ","description_kind":"plain","required":true},"netmask":{"type":"number","description":"The bit length of the subnet assigned to the LocalRouter. This must be in the range [`8`-`29`]","description_kind":"plain","required":true},"vip":{"type":"string","description":"The virtual IP address","description_kind":"plain","required":true},"vrid":{"type":"number","description":"The Virtual Router Identifier","description_kind":"plain","required":true}},"description_kind":"plain"},"min_items":1,"max_items":1},"peer":{"nesting_mode":"list","block":{"attributes":{"description":{"type":"string","description":"The description of the LocalRouter. The length of this value must be in the range [`1`-`512`]","description_kind":"plain","optional":true},"enabled":{"type":"bool","description":"The flag to enable the LocalRouter","description_kind":"plain","optional":true},"peer_id":{"type":"string","description":"The ID of the peer LocalRouter","description_kind":"plain","required":true},"secret_key":{"type":"string","description":"The secret key of the peer LocalRouter","description_kind":"plain","required":true,"sensitive":true}},"description_kind":"plain"}},"static_route":{"nesting_mode":"list","block":{"attributes":{"next_hop":{"type":"string","description":"The IP address of the next hop","description_kind":"plain","required":true},"prefix":{"type":"string","description":"The CIDR block of destination","description_kind":"plain","required":true}},"description_kind":"plain"}},"switch":{"nesting_mode":"list","block":{"attributes":{"category":{"type":"string","description":"The category name of connected services (e.g. `cloud`, `vps`)","description_kind":"plain","optional":true},"code":{"type":"string","description":"The resource ID of the Switch","description_kind":"plain","required":true},"zone_id":{"type":"string","description":"The id of the Zone","description_kind":"plain","required":true}},"description_kind":"plain"},"min_items":1,"max_items":1},"timeouts":{"nesting_mode":"single","block":{"attributes":{"create":{"type":"string","description_kind":"plain","optional":true},"delete":{"type":"string","description_kind":"plain","optional":true},"update":{"type":"string","description_kind":"plain","optional":true}},"description_kind":"plain"}}},"description_kind":"plain"}},"sakuracloud_mobile_gateway":{"version":0,"block":{"attributes":{"description":{"type":"string","description":"The description of the MobileGateway. The length of this value must be in the range [`1`-`512`]","description_kind":"plain","optional":true},"dns_servers":{"type":["list","string"],"description":"A list of IP address used by each connected devices","description_kind":"plain","required":true},"icon_id":{"type":"string","description":"The icon id to attach to the MobileGateway","description_kind":"plain","optional":true},"id":{"type":"string","description_kind":"plain","optional":true,"computed":true},"inter_device_communication":{"type":"bool","description":"The flag to allow communication between each connected devices","description_kind":"plain","optional":true},"internet_connection":{"type":"bool","description":"The flag to enable connect to the Internet","description_kind":"plain","optional":true},"name":{"type":"string","description":"The name of the MobileGateway. The length of this value must be in the range [`1`-`64`]","description_kind":"plain","required":true},"public_ip":{"type":"string","description":"The public IP address assigned to the MobileGateway","description_kind":"plain","computed":true},"public_netmask":{"type":"number","description":"The bit length of the subnet assigned to the MobileGateway","description_kind":"plain","computed":true},"tags":{"type":["set","string"],"description":"Any tags to assign to the MobileGateway","description_kind":"plain","optional":true},"zone":{"type":"string","description":"The name of zone that the MobileGateway will be created (e.g. `is1a`, `tk1a`)","description_kind":"plain","optional":true,"computed":true}},"block_types":{"private_network_interface":{"nesting_mode":"list","block":{"attributes":{"ip_address":{"type":"string","description":"The IP address to assign to the MobileGateway","description_kind":"plain","required":true},"netmask":{"type":"number","description":"The bit length of the subnet to assign to the MobileGateway. This must be in the range [`8`-`29`]","description_kind":"plain","required":true},"switch_id":{"type":"string","description":"The id of the switch to which the MobileGateway connects","description_kind":"plain","required":true}},"description_kind":"plain"},"max_items":1},"sim":{"nesting_mode":"list","block":{"attributes":{"ip_address":{"type":"string","description":"The IP address to assign to the SIM","description_kind":"plain","required":true},"sim_id":{"type":"string","description":"The id of the Switch connected to the MobileGateway","description_kind":"plain","required":true}},"description_kind":"plain"}},"sim_route":{"nesting_mode":"list","block":{"attributes":{"prefix":{"type":"string","description":"The destination network prefix used by the sim routing. This must be specified by CIDR block formatted string","description_kind":"plain","required":true},"sim_id":{"type":"string","description":"The id of the routing destination SIM","description_kind":"plain","required":true}},"description_kind":"plain"}},"static_route":{"nesting_mode":"list","block":{"attributes":{"next_hop":{"type":"string","description":"The IP address of next hop","description_kind":"plain","required":true},"prefix":{"type":"string","description":"The destination network prefix used by static routing. This must be specified by CIDR block formatted string","description_kind":"plain","required":true}},"description_kind":"plain"}},"timeouts":{"nesting_mode":"single","block":{"attributes":{"create":{"type":"string","description_kind":"plain","optional":true},"delete":{"type":"string","description_kind":"plain","optional":true},"update":{"type":"string","description_kind":"plain","optional":true}},"description_kind":"plain"}},"traffic_control":{"nesting_mode":"list","block":{"attributes":{"auto_traffic_shaping":{"type":"bool","description":"The flag to enable the traffic shaping","description_kind":"plain","optional":true},"band_width_limit":{"type":"number","description":"The bandwidth allowed when the traffic shaping is enabled","description_kind":"plain","optional":true},"enable_email":{"type":"bool","description":"The flag to enable email notification when the traffic shaping is enabled","description_kind":"plain","optional":true},"enable_slack":{"type":"bool","description":"The flag to enable slack notification when the traffic shaping is enabled","description_kind":"plain","optional":true},"quota":{"type":"number","description":"The threshold of monthly traffic usage to enable to the traffic shaping","description_kind":"plain","required":true},"slack_webhook":{"type":"string","description":"The webhook URL used when sends notification. It will only used when `enable_slack` is set `true`","description_kind":"plain","optional":true}},"description_kind":"plain"},"max_items":1}},"description_kind":"plain"}},"sakuracloud_nfs":{"version":0,"block":{"attributes":{"description":{"type":"string","description":"The description of the NFS. The length of this value must be in the range [`1`-`512`]","description_kind":"plain","optional":true},"icon_id":{"type":"string","description":"The icon id to attach to the NFS","description_kind":"plain","optional":true},"id":{"type":"string","description_kind":"plain","optional":true,"computed":true},"name":{"type":"string","description":"The name of the NFS. The length of this value must be in the range [`1`-`64`]","description_kind":"plain","required":true},"plan":{"type":"string","description":"The plan name of the NFS. This must be one of [`hdd`/`ssd`]","description_kind":"plain","optional":true},"size":{"type":"number","description":"The size of NFS in GiB","description_kind":"plain","optional":true},"tags":{"type":["set","string"],"description":"Any tags to assign to the NFS","description_kind":"plain","optional":true},"zone":{"type":"string","description":"The name of zone that the NFS will be created (e.g. `is1a`, `tk1a`)","description_kind":"plain","optional":true,"computed":true}},"block_types":{"network_interface":{"nesting_mode":"list","block":{"attributes":{"gateway":{"type":"string","description":"The IP address of the gateway used by NFS","description_kind":"plain","optional":true},"ip_address":{"type":"string","description":"The IP address to assign to the NFS","description_kind":"plain","required":true},"netmask":{"type":"number","description":"The bit length of the subnet to assign to the NFS. This must be in the range [`8`-`29`]","description_kind":"plain","required":true},"switch_id":{"type":"string","description":"The id of the switch to which the NFS connects","description_kind":"plain","required":true}},"description_kind":"plain"},"min_items":1,"max_items":1},"timeouts":{"nesting_mode":"single","block":{"attributes":{"create":{"type":"string","description_kind":"plain","optional":true},"delete":{"type":"string","description_kind":"plain","optional":true},"update":{"type":"string","description_kind":"plain","optional":true}},"description_kind":"plain"}}},"description_kind":"plain"}},"sakuracloud_note":{"version":0,"block":{"attributes":{"class":{"type":"string","description":"The class of the Note. This must be one of `shell`/`yaml_cloud_config`","description_kind":"plain","optional":true},"content":{"type":"string","description":"The content of the Note. This must be specified as a shell script or as a cloud-config","description_kind":"plain","required":true},"description":{"type":"string","description":"The description of the Note. This will be computed from special tags within body of `content`","description_kind":"plain","computed":true},"icon_id":{"type":"string","description":"The icon id to attach to the Note","description_kind":"plain","optional":true},"id":{"type":"string","description_kind":"plain","optional":true,"computed":true},"name":{"type":"string","description":"The name of the Note. The length of this value must be in the range [`1`-`64`]","description_kind":"plain","required":true},"tags":{"type":["set","string"],"description":"Any tags to assign to the Note","description_kind":"plain","optional":true}},"block_types":{"timeouts":{"nesting_mode":"single","block":{"attributes":{"create":{"type":"string","description_kind":"plain","optional":true},"delete":{"type":"string","description_kind":"plain","optional":true},"update":{"type":"string","description_kind":"plain","optional":true}},"description_kind":"plain"}}},"description_kind":"plain"}},"sakuracloud_packet_filter":{"version":0,"block":{"attributes":{"description":{"type":"string","description":"The description of the packetFilter. The length of this value must be in the range [`1`-`512`]","description_kind":"plain","optional":true},"id":{"type":"string","description_kind":"plain","optional":true,"computed":true},"name":{"type":"string","description":"The name of the packetFilter. The length of this value must be in the range [`1`-`64`]","description_kind":"plain","required":true},"zone":{"type":"string","description":"The name of zone that the packetFilter will be created (e.g. `is1a`, `tk1a`)","description_kind":"plain","optional":true,"computed":true}},"block_types":{"expression":{"nesting_mode":"list","block":{"attributes":{"allow":{"type":"bool","description":"The flag to allow the packet through the filter","description_kind":"plain","optional":true},"description":{"type":"string","description":"The description of the expression","description_kind":"plain","optional":true},"destination_port":{"type":"string","description":"A destination port number or port range used for filtering (e.g. `1024`, `1024-2048`)","description_kind":"plain","optional":true},"protocol":{"type":"string","description":"The protocol used for filtering. This must be one of [`http`/`https`/`tcp`/`udp`/`icmp`/`fragment`/`ip`]","description_kind":"plain","required":true},"source_network":{"type":"string","description":"A source IP address or CIDR block used for filtering (e.g. `192.0.2.1`, `192.0.2.0/24`)","description_kind":"plain","optional":true},"source_port":{"type":"string","description":"A source port number or port range used for filtering (e.g. `1024`, `1024-2048`)","description_kind":"plain","optional":true}},"description_kind":"plain"},"max_items":30},"timeouts":{"nesting_mode":"single","block":{"attributes":{"create":{"type":"string","description_kind":"plain","optional":true},"delete":{"type":"string","description_kind":"plain","optional":true},"update":{"type":"string","description_kind":"plain","optional":true}},"description_kind":"plain"}}},"description_kind":"plain"}},"sakuracloud_packet_filter_rules":{"version":0,"block":{"attributes":{"id":{"type":"string","description_kind":"plain","optional":true,"computed":true},"packet_filter_id":{"type":"string","description":"The id of the packet filter that set expressions to","description_kind":"plain","required":true},"zone":{"type":"string","description":"The name of zone that the PacketFilter Rule will be created (e.g. `is1a`, `tk1a`)","description_kind":"plain","optional":true,"computed":true}},"block_types":{"expression":{"nesting_mode":"list","block":{"attributes":{"allow":{"type":"bool","description":"The flag to allow the packet through the filter","description_kind":"plain","optional":true},"description":{"type":"string","description":"The description of the expression","description_kind":"plain","optional":true},"destination_port":{"type":"string","description":"A destination port number or port range used for filtering (e.g. `1024`, `1024-2048`)","description_kind":"plain","optional":true},"protocol":{"type":"string","description":"The protocol used for filtering. This must be one of [`http`/`https`/`tcp`/`udp`/`icmp`/`fragment`/`ip`]","description_kind":"plain","required":true},"source_network":{"type":"string","description":"A source IP address or CIDR block used for filtering (e.g. `192.0.2.1`, `192.0.2.0/24`)","description_kind":"plain","optional":true},"source_port":{"type":"string","description":"A source port number or port range used for filtering (e.g. `1024`, `1024-2048`)","description_kind":"plain","optional":true}},"description_kind":"plain"},"max_items":30},"timeouts":{"nesting_mode":"single","block":{"attributes":{"create":{"type":"string","description_kind":"plain","optional":true},"delete":{"type":"string","description_kind":"plain","optional":true}},"description_kind":"plain"}}},"description_kind":"plain"}},"sakuracloud_private_host":{"version":0,"block":{"attributes":{"assigned_core":{"type":"number","description":"The total number of CPUs assigned to servers on the private host","description_kind":"plain","computed":true},"assigned_memory":{"type":"number","description":"The total size of memory assigned to servers on the private host","description_kind":"plain","computed":true},"class":{"type":"string","description":"The class of the PrivateHost. This will be one of [`dynamic`/`ms_windows`]","description_kind":"plain","optional":true},"description":{"type":"string","description":"The description of the PrivateHost. The length of this value must be in the range [`1`-`512`]","description_kind":"plain","optional":true},"hostname":{"type":"string","description":"The hostname of the private host","description_kind":"plain","computed":true},"icon_id":{"type":"string","description":"The icon id to attach to the PrivateHost","description_kind":"plain","optional":true},"id":{"type":"string","description_kind":"plain","optional":true,"computed":true},"name":{"type":"string","description":"The name of the PrivateHost. The length of this value must be in the range [`1`-`64`]","description_kind":"plain","required":true},"tags":{"type":["set","string"],"description":"Any tags to assign to the PrivateHost","description_kind":"plain","optional":true},"zone":{"type":"string","description":"The name of zone that the PrivateHost will be created (e.g. `is1a`, `tk1a`)","description_kind":"plain","optional":true,"computed":true}},"block_types":{"timeouts":{"nesting_mode":"single","block":{"attributes":{"create":{"type":"string","description_kind":"plain","optional":true},"delete":{"type":"string","description_kind":"plain","optional":true},"update":{"type":"string","description_kind":"plain","optional":true}},"description_kind":"plain"}}},"description_kind":"plain"}},"sakuracloud_proxylb":{"version":0,"block":{"attributes":{"description":{"type":"string","description":"The description of the ProxyLB. The length of this value must be in the range [`1`-`512`]","description_kind":"plain","optional":true},"fqdn":{"type":"string","description":"The FQDN for accessing to the ProxyLB. This is typically used as value of CNAME record","description_kind":"plain","computed":true},"icon_id":{"type":"string","description":"The icon id to attach to the ProxyLB","description_kind":"plain","optional":true},"id":{"type":"string","description_kind":"plain","optional":true,"computed":true},"name":{"type":"string","description":"The name of the ProxyLB. The length of this value must be in the range [`1`-`64`]","description_kind":"plain","required":true},"plan":{"type":"number","description":"The plan name of the ProxyLB. This must be one of [`100`/`500`/`1000`/`5000`/`10000`/`50000`/`100000`]","description_kind":"plain","optional":true},"proxy_networks":{"type":["list","string"],"description":"A list of CIDR block used by the ProxyLB to access the server","description_kind":"plain","computed":true},"region":{"type":"string","description":"The name of region that the proxy LB is in. This must be one of [`tk1`/`is1`/`anycast`]","description_kind":"plain","optional":true},"sticky_session":{"type":"bool","description":"The flag to enable sticky session","description_kind":"plain","optional":true},"tags":{"type":["set","string"],"description":"Any tags to assign to the ProxyLB","description_kind":"plain","optional":true},"timeout":{"type":"number","description":"The timeout duration in seconds","description_kind":"plain","optional":true},"vip":{"type":"string","description":"The virtual IP address assigned to the ProxyLB","description_kind":"plain","computed":true},"vip_failover":{"type":"bool","description":"The flag to enable VIP fail-over","description_kind":"plain","optional":true}},"block_types":{"bind_port":{"nesting_mode":"list","block":{"attributes":{"port":{"type":"number","description":"The number of listening port","description_kind":"plain","optional":true},"proxy_mode":{"type":"string","description":"The proxy mode. This must be one of [`http`/`https`/`tcp`]","description_kind":"plain","required":true},"redirect_to_https":{"type":"bool","description":"The flag to enable redirection from http to https. This flag is used only when `proxy_mode` is `http`","description_kind":"plain","optional":true},"support_http2":{"type":"bool","description":"The flag to enable HTTP/2. This flag is used only when `proxy_mode` is `https`","description_kind":"plain","optional":true}},"block_types":{"response_header":{"nesting_mode":"list","block":{"attributes":{"header":{"type":"string","description":"The field name of HTTP header added to response by the ProxyLB","description_kind":"plain","required":true},"value":{"type":"string","description":"The field value of HTTP header added to response by the ProxyLB","description_kind":"plain","required":true}},"description_kind":"plain"},"max_items":10}},"description_kind":"plain"},"min_items":1,"max_items":2},"certificate":{"nesting_mode":"list","block":{"attributes":{"intermediate_cert":{"type":"string","description":"The intermediate certificate for a server","description_kind":"plain","optional":true,"computed":true},"private_key":{"type":"string","description":"The private key for a server","description_kind":"plain","optional":true,"computed":true},"server_cert":{"type":"string","description":"The certificate for a server","description_kind":"plain","optional":true,"computed":true}},"block_types":{"additional_certificate":{"nesting_mode":"list","block":{"attributes":{"intermediate_cert":{"type":"string","description":"The intermediate certificate for a server","description_kind":"plain","optional":true},"private_key":{"type":"string","description":"The private key for a server","description_kind":"plain","required":true},"server_cert":{"type":"string","description":"The certificate for a server","description_kind":"plain","required":true}},"description_kind":"plain"},"max_items":19}},"description_kind":"plain"},"max_items":1},"health_check":{"nesting_mode":"list","block":{"attributes":{"delay_loop":{"type":"number","description":"The interval in seconds between checks. This must be in the range [`10`-`60`]","description_kind":"plain","optional":true},"host_header":{"type":"string","description":"The value of host header send when checking by HTTP","description_kind":"plain","optional":true},"path":{"type":"string","description":"The path used when checking by HTTP","description_kind":"plain","optional":true},"port":{"type":"number","description":"The port number used when checking by TCP","description_kind":"plain","optional":true},"protocol":{"type":"string","description":"The protocol used for health checks. This must be one of [`http`/`tcp`]","description_kind":"plain","required":true}},"description_kind":"plain"},"min_items":1,"max_items":1},"rule":{"nesting_mode":"list","block":{"attributes":{"group":{"type":"string","description":"The name of load balancing group. When proxyLB received request which matched to `host` and `path`, proxyLB forwards the request to servers that having same group name. The length of this value must be in the range [`1`-`10`]","description_kind":"plain","optional":true},"host":{"type":"string","description":"The value of HTTP host header that is used as condition of rule-based balancing","description_kind":"plain","optional":true},"path":{"type":"string","description":"The request path that is used as condition of rule-based balancing","description_kind":"plain","optional":true}},"description_kind":"plain"}},"server":{"nesting_mode":"list","block":{"attributes":{"enabled":{"type":"bool","description":"The flag to enable as destination of load balancing","description_kind":"plain","optional":true},"group":{"type":"string","description":"The name of load balancing group. This is used when using rule-based load balancing. The length of this value must be in the range [`1`-`10`]","description_kind":"plain","optional":true},"ip_address":{"type":"string","description":"The IP address of the destination server","description_kind":"plain","required":true},"port":{"type":"number","description":"The port number of the destination server. This must be in the range [`1`-`65535`]","description_kind":"plain","required":true}},"description_kind":"plain"},"max_items":40},"sorry_server":{"nesting_mode":"list","block":{"attributes":{"ip_address":{"type":"string","description":"The IP address of the SorryServer. This will be used when all servers are down","description_kind":"plain","required":true},"port":{"type":"number","description":"The port number of the SorryServer. This will be used when all servers are down","description_kind":"plain","optional":true}},"description_kind":"plain"},"max_items":1},"timeouts":{"nesting_mode":"single","block":{"attributes":{"create":{"type":"string","description_kind":"plain","optional":true},"delete":{"type":"string","description_kind":"plain","optional":true},"update":{"type":"string","description_kind":"plain","optional":true}},"description_kind":"plain"}}},"description_kind":"plain"}},"sakuracloud_proxylb_acme":{"version":0,"block":{"attributes":{"accept_tos":{"type":"bool","description":"The flag to accept the current Let's Encrypt terms of service(see: https://letsencrypt.org/repository/). This must be set `true` explicitly","description_kind":"plain","required":true},"certificate":{"type":["list",["object",{"additional_certificate":["list",["object",{"intermediate_cert":"string","private_key":"string","server_cert":"string"}]],"intermediate_cert":"string","private_key":"string","server_cert":"string"}]],"description_kind":"plain","computed":true},"common_name":{"type":"string","description":"The FQDN used by ACME. This must set resolvable value","description_kind":"plain","required":true},"id":{"type":"string","description_kind":"plain","optional":true,"computed":true},"proxylb_id":{"type":"string","description":"The id of the ProxyLB that set ACME settings to","description_kind":"plain","required":true},"update_delay_sec":{"type":"number","description":"The wait time in seconds. This typically used for waiting for a DNS propagation","description_kind":"plain","optional":true}},"block_types":{"timeouts":{"nesting_mode":"single","block":{"attributes":{"create":{"type":"string","description_kind":"plain","optional":true},"delete":{"type":"string","description_kind":"plain","optional":true}},"description_kind":"plain"}}},"description_kind":"plain"}},"sakuracloud_server":{"version":0,"block":{"attributes":{"cdrom_id":{"type":"string","description":"The id of the CD-ROM to attach to the Server","description_kind":"plain","optional":true},"commitment":{"type":"string","description":"The policy of how to allocate virtual CPUs to the server. This must be one of [`standard`/`dedicatedcpu`]","description_kind":"plain","optional":true},"core":{"type":"number","description":"The number of virtual CPUs","description_kind":"plain","optional":true},"description":{"type":"string","description":"The description of the Server. The length of this value must be in the range [`1`-`512`]","description_kind":"plain","optional":true},"disks":{"type":["list","string"],"description":"A list of disk id connected to the server","description_kind":"plain","optional":true},"dns_servers":{"type":["list","string"],"description":"A list of IP address of DNS server in the zone","description_kind":"plain","computed":true},"force_shutdown":{"type":"bool","description":"The flag to use force shutdown when need to reboot/shutdown while applying","description_kind":"plain","optional":true},"gateway":{"type":"string","description":"The IP address of the gateway used by Server","description_kind":"plain","computed":true},"hostname":{"type":"string","description":"The hostname of the Server","description_kind":"plain","computed":true},"icon_id":{"type":"string","description":"The icon id to attach to the Server","description_kind":"plain","optional":true},"id":{"type":"string","description_kind":"plain","optional":true,"computed":true},"interface_driver":{"type":"string","description":"The driver name of network interface. This must be one of [`virtio`/`e1000`]","description_kind":"plain","optional":true},"ip_address":{"type":"string","description":"The IP address assigned to the Server","description_kind":"plain","computed":true},"memory":{"type":"number","description":"The size of memory in GiB","description_kind":"plain","optional":true},"name":{"type":"string","description":"The name of the Server. The length of this value must be in the range [`1`-`64`]","description_kind":"plain","required":true},"netmask":{"type":"number","description":"The bit length of the subnet assigned to the Server","description_kind":"plain","computed":true},"network_address":{"type":"string","description":"The network address which the `ip_address` belongs","description_kind":"plain","computed":true},"private_host_id":{"type":"string","description":"The id of the PrivateHost which the Server is assigned","description_kind":"plain","optional":true},"private_host_name":{"type":"string","description":"The id of the PrivateHost which the Server is assigned","description_kind":"plain","computed":true},"tags":{"type":["set","string"],"description":"Any tags to assign to the Server","description_kind":"plain","optional":true},"zone":{"type":"string","description":"The name of zone that the Server will be created (e.g. `is1a`, `tk1a`)","description_kind":"plain","optional":true,"computed":true}},"block_types":{"disk_edit_parameter":{"nesting_mode":"list","block":{"attributes":{"change_partition_uuid":{"type":"bool","description":"The flag to change partition uuid","description_kind":"plain","optional":true},"disable_pw_auth":{"type":"bool","description":"The flag to disable password authentication","description_kind":"plain","optional":true},"enable_dhcp":{"type":"bool","description":"The flag to enable DHCP client","description_kind":"plain","optional":true},"gateway":{"type":"string","description":"The gateway address used by the Server","description_kind":"plain","optional":true},"hostname":{"type":"string","description":"The hostname of the Server. The length of this value must be in the range [`1`-`64`]","description_kind":"plain","optional":true},"ip_address":{"type":"string","description":"The IP address to assign to the Server","description_kind":"plain","optional":true},"netmask":{"type":"number","description":"The bit length of the subnet to assign to the Server","description_kind":"plain","optional":true},"note_ids":{"type":["list","string"],"description":"A list of the Note id","description_kind":"plain","optional":true},"password":{"type":"string","description":"The password of default user. The length of this value must be in the range [`8`-`64`]","description_kind":"plain","optional":true,"sensitive":true},"ssh_key_ids":{"type":["list","string"],"description":"A list of the SSHKey id","description_kind":"plain","optional":true}},"block_types":{"note":{"nesting_mode":"list","block":{"attributes":{"api_key_id":{"type":"string","description":"The id of the API key to be injected into note when editing the disk","description_kind":"plain","optional":true},"id":{"type":"string","description":"The id of the note","description_kind":"plain","required":true},"variables":{"type":["map","string"],"description":"The value of the variable that be injected into note when editing the disk","description_kind":"plain","optional":true}},"description_kind":"plain"}}},"description_kind":"plain"},"max_items":1},"network_interface":{"nesting_mode":"list","block":{"attributes":{"mac_address":{"type":"string","description":"The MAC address","description_kind":"plain","computed":true},"packet_filter_id":{"type":"string","description":"The id of the packet filter to attach to the network interface","description_kind":"plain","optional":true},"upstream":{"type":"string","description":"The upstream type or upstream switch id. This must be one of [`shared`/`disconnect`/`\u003cswitch id\u003e`]","description_kind":"plain","required":true},"user_ip_address":{"type":"string","description":"The IP address for only display. This value doesn't affect actual NIC settings","description_kind":"plain","optional":true,"computed":true}},"description_kind":"plain"},"max_items":10},"timeouts":{"nesting_mode":"single","block":{"attributes":{"create":{"type":"string","description_kind":"plain","optional":true},"delete":{"type":"string","description_kind":"plain","optional":true},"update":{"type":"string","description_kind":"plain","optional":true}},"description_kind":"plain"}}},"description_kind":"plain"}},"sakuracloud_sim":{"version":0,"block":{"attributes":{"carrier":{"type":["set","string"],"description":"A list of a communication company. Each element must be one of `kddi`/`docomo`/`softbank`","description_kind":"plain","required":true},"description":{"type":"string","description":"The description of the SIM. The length of this value must be in the range [`1`-`512`]","description_kind":"plain","optional":true},"enabled":{"type":"bool","description":"The flag to enable the SIM","description_kind":"plain","optional":true},"iccid":{"type":"string","description":"ICCID(Integrated Circuit Card ID) assigned to the SIM","description_kind":"plain","required":true},"icon_id":{"type":"string","description":"The icon id to attach to the SIM","description_kind":"plain","optional":true},"id":{"type":"string","description_kind":"plain","optional":true,"computed":true},"imei":{"type":"string","description":"The id of the device to restrict devices that can use the SIM","description_kind":"plain","optional":true},"ip_address":{"type":"string","description":"The IP address assigned to the SIM","description_kind":"plain","computed":true},"mobile_gateway_id":{"type":"string","description":"The id of the MobileGateway which the SIM is assigned","description_kind":"plain","computed":true},"name":{"type":"string","description":"The name of the SIM. The length of this value must be in the range [`1`-`64`]","description_kind":"plain","required":true},"passcode":{"type":"string","description":"The passcord to authenticate the SIM","description_kind":"plain","required":true},"tags":{"type":["set","string"],"description":"Any tags to assign to the SIM","description_kind":"plain","optional":true}},"block_types":{"timeouts":{"nesting_mode":"single","block":{"attributes":{"create":{"type":"string","description_kind":"plain","optional":true},"delete":{"type":"string","description_kind":"plain","optional":true},"update":{"type":"string","description_kind":"plain","optional":true}},"description_kind":"plain"}}},"description_kind":"plain"}},"sakuracloud_simple_monitor":{"version":0,"block":{"attributes":{"delay_loop":{"type":"number","description":"The interval in seconds between checks. This must be in the range [`60`-`3600`]","description_kind":"plain","optional":true},"description":{"type":"string","description":"The description of the SimpleMonitor. The length of this value must be in the range [`1`-`512`]","description_kind":"plain","optional":true},"enabled":{"type":"bool","description":"The flag to enable monitoring by the simple monitor","description_kind":"plain","optional":true},"icon_id":{"type":"string","description":"The icon id to attach to the SimpleMonitor","description_kind":"plain","optional":true},"id":{"type":"string","description_kind":"plain","optional":true,"computed":true},"notify_email_enabled":{"type":"bool","description":"The flag to enable notification by email","description_kind":"plain","optional":true},"notify_email_html":{"type":"bool","description":"The flag to enable HTML format instead of text format","description_kind":"plain","optional":true},"notify_interval":{"type":"number","description":"The interval in hours between notification. This must be in the range [`1`-`72`]","description_kind":"plain","optional":true},"notify_slack_enabled":{"type":"bool","description":"The flag to enable notification by slack/discord","description_kind":"plain","optional":true},"notify_slack_webhook":{"type":"string","description":"The webhook URL for sending notification by slack/discord","description_kind":"plain","optional":true},"tags":{"type":["set","string"],"description":"Any tags to assign to the SimpleMonitor","description_kind":"plain","optional":true},"target":{"type":"string","description":"The monitoring target of the simple monitor. This must be IP address or FQDN","description_kind":"plain","required":true}},"block_types":{"health_check":{"nesting_mode":"list","block":{"attributes":{"community":{"type":"string","description":"The SNMP community string used when checking by SNMP","description_kind":"plain","optional":true},"excepcted_data":{"type":"string","description":"The expected value used when checking by DNS","description_kind":"plain","optional":true},"host_header":{"type":"string","description":"The value of host header send when checking by HTTP/HTTPS","description_kind":"plain","optional":true},"oid":{"type":"string","description":"The SNMP OID used when checking by SNMP","description_kind":"plain","optional":true},"password":{"type":"string","description":"The password for basic auth used when checking by HTTP/HTTPS","description_kind":"plain","optional":true},"path":{"type":"string","description":"The path used when checking by HTTP/HTTPS","description_kind":"plain","optional":true},"port":{"type":"number","description":"The target port number","description_kind":"plain","optional":true,"computed":true},"protocol":{"type":"string","description":"The protocol used for health checks. This must be one of [`http`/`https`/`ping`/`tcp`/`dns`/`ssh`/`smtp`/`pop3`/`snmp`/`sslcertificate`]","description_kind":"plain","required":true},"qname":{"type":"string","description":"The FQDN used when checking by DNS","description_kind":"plain","optional":true},"remaining_days":{"type":"number","description":"The number of remaining days until certificate expiration used when checking SSL certificates. This must be in the range [`1`-`9999`]","description_kind":"plain","optional":true},"sni":{"type":"bool","description":"The flag to enable SNI when checking by HTTP/HTTPS","description_kind":"plain","optional":true},"snmp_version":{"type":"string","description":"The SNMP version used when checking by SNMP. This must be one of `1`/`2c`","description_kind":"plain","optional":true},"status":{"type":"number","description":"The response-code to expect when checking by HTTP/HTTPS","description_kind":"plain","optional":true},"username":{"type":"string","description":"The user name for basic auth used when checking by HTTP/HTTPS","description_kind":"plain","optional":true}},"description_kind":"plain"},"min_items":1,"max_items":1},"timeouts":{"nesting_mode":"single","block":{"attributes":{"create":{"type":"string","description_kind":"plain","optional":true},"delete":{"type":"string","description_kind":"plain","optional":true},"update":{"type":"string","description_kind":"plain","optional":true}},"description_kind":"plain"}}},"description_kind":"plain"}},"sakuracloud_ssh_key":{"version":0,"block":{"attributes":{"description":{"type":"string","description":"The description of the SSHKey. The length of this value must be in the range [`1`-`512`]","description_kind":"plain","optional":true},"fingerprint":{"type":"string","description":"The fingerprint of the public key","description_kind":"plain","computed":true},"id":{"type":"string","description_kind":"plain","optional":true,"computed":true},"name":{"type":"string","description":"The name of the SSHKey. The length of this value must be in the range [`1`-`64`]","description_kind":"plain","required":true},"public_key":{"type":"string","description":"The body of the public key","description_kind":"plain","required":true}},"block_types":{"timeouts":{"nesting_mode":"single","block":{"attributes":{"create":{"type":"string","description_kind":"plain","optional":true},"delete":{"type":"string","description_kind":"plain","optional":true},"update":{"type":"string","description_kind":"plain","optional":true}},"description_kind":"plain"}}},"description_kind":"plain"}},"sakuracloud_ssh_key_gen":{"version":0,"block":{"attributes":{"description":{"type":"string","description":"The description of the SSHKey. The length of this value must be in the range [`1`-`512`]","description_kind":"plain","optional":true},"fingerprint":{"type":"string","description":"The fingerprint of the public key","description_kind":"plain","computed":true},"id":{"type":"string","description_kind":"plain","optional":true,"computed":true},"name":{"type":"string","description":"The name of the SSHKey. The length of this value must be in the range [`1`-`64`]","description_kind":"plain","required":true},"pass_phrase":{"type":"string","description":"The pass phrase of the private key. The length of this value must be in the range [`8`-`64`]","description_kind":"plain","optional":true},"private_key":{"type":"string","description":"The body of the private key","description_kind":"plain","computed":true},"public_key":{"type":"string","description":"The body of the public key","description_kind":"plain","computed":true}},"block_types":{"timeouts":{"nesting_mode":"single","block":{"attributes":{"create":{"type":"string","description_kind":"plain","optional":true},"delete":{"type":"string","description_kind":"plain","optional":true},"update":{"type":"string","description_kind":"plain","optional":true}},"description_kind":"plain"}}},"description_kind":"plain"}},"sakuracloud_subnet":{"version":0,"block":{"attributes":{"id":{"type":"string","description_kind":"plain","optional":true,"computed":true},"internet_id":{"type":"string","description":"The id of the switch+router resource that the subnet belongs","description_kind":"plain","required":true},"ip_addresses":{"type":["list","string"],"description":"A list of assigned global address to the subnet","description_kind":"plain","computed":true},"max_ip_address":{"type":"string","description":"Maximum IP address in assigned global addresses to the subnet","description_kind":"plain","computed":true},"min_ip_address":{"type":"string","description":"Minimum IP address in assigned global addresses to the subnet","description_kind":"plain","computed":true},"netmask":{"type":"number","description":"The bit length of the subnet to assign to the Subnet. This must be in the range [`26`-`28`]","description_kind":"plain","optional":true},"network_address":{"type":"string","description":"The IPv4 network address assigned to the Subnet","description_kind":"plain","computed":true},"next_hop":{"type":"string","description":"The ip address of the next-hop at the subnet","description_kind":"plain","required":true},"switch_id":{"type":"string","description":"The id of the switch connected from the Subnet","description_kind":"plain","computed":true},"zone":{"type":"string","description":"The name of zone that the Subnet will be created (e.g. `is1a`, `tk1a`)","description_kind":"plain","optional":true,"computed":true}},"block_types":{"timeouts":{"nesting_mode":"single","block":{"attributes":{"create":{"type":"string","description_kind":"plain","optional":true},"delete":{"type":"string","description_kind":"plain","optional":true},"update":{"type":"string","description_kind":"plain","optional":true}},"description_kind":"plain"}}},"description_kind":"plain"}},"sakuracloud_switch":{"version":0,"block":{"attributes":{"bridge_id":{"type":"string","description":"The bridge id attached to the Switch","description_kind":"plain","optional":true},"description":{"type":"string","description":"The description of the Switch. The length of this value must be in the range [`1`-`512`]","description_kind":"plain","optional":true},"icon_id":{"type":"string","description":"The icon id to attach to the Switch","description_kind":"plain","optional":true},"id":{"type":"string","description_kind":"plain","optional":true,"computed":true},"name":{"type":"string","description":"The name of the Switch. The length of this value must be in the range [`1`-`64`]","description_kind":"plain","required":true},"server_ids":{"type":["list","string"],"description":"A list of server id connected to the switch","description_kind":"plain","computed":true},"tags":{"type":["set","string"],"description":"Any tags to assign to the Switch","description_kind":"plain","optional":true},"zone":{"type":"string","description":"The name of zone that the Switch will be created (e.g. `is1a`, `tk1a`)","description_kind":"plain","optional":true,"computed":true}},"block_types":{"timeouts":{"nesting_mode":"single","block":{"attributes":{"create":{"type":"string","description_kind":"plain","optional":true},"delete":{"type":"string","description_kind":"plain","optional":true},"update":{"type":"string","description_kind":"plain","optional":true}},"description_kind":"plain"}}},"description_kind":"plain"}},"sakuracloud_vpc_router":{"version":0,"block":{"attributes":{"description":{"type":"string","description":"The description of the VPCRouter. The length of this value must be in the range [`1`-`512`]","description_kind":"plain","optional":true},"icon_id":{"type":"string","description":"The icon id to attach to the VPCRouter","description_kind":"plain","optional":true},"id":{"type":"string","description_kind":"plain","optional":true,"computed":true},"internet_connection":{"type":"bool","description":"The flag to enable connecting to the Internet from the VPC Router","description_kind":"plain","optional":true},"name":{"type":"string","description":"The name of the VPCRouter. The length of this value must be in the range [`1`-`64`]","description_kind":"plain","required":true},"plan":{"type":"string","description":"The plan name of the VPCRouter. This must be one of [`standard`/`premium`/`highspec`/`highspec4000`]","description_kind":"plain","optional":true},"public_ip":{"type":"string","description":"The public ip address of the VPC Router","description_kind":"plain","computed":true},"public_netmask":{"type":"number","description":"The bit length of the subnet to assign to the public network interface","description_kind":"plain","computed":true},"syslog_host":{"type":"string","description":"The ip address of the syslog host to which the VPC Router sends logs","description_kind":"plain","optional":true},"tags":{"type":["set","string"],"description":"Any tags to assign to the VPCRouter","description_kind":"plain","optional":true},"zone":{"type":"string","description":"The name of zone that the VPCRouter will be created (e.g. `is1a`, `tk1a`)","description_kind":"plain","optional":true,"computed":true}},"block_types":{"dhcp_server":{"nesting_mode":"list","block":{"attributes":{"dns_servers":{"type":["list","string"],"description":"A list of IP address of DNS server to assign to DHCP client","description_kind":"plain","optional":true},"interface_index":{"type":"number","description":"The index of the network interface on which to enable the DHCP service. This must be in the range [`1`-`7`]","description_kind":"plain","required":true},"range_start":{"type":"string","description":"The start value of IP address range to assign to DHCP client","description_kind":"plain","required":true},"range_stop":{"type":"string","description":"The end value of IP address range to assign to DHCP client","description_kind":"plain","required":true}},"description_kind":"plain"}},"dhcp_static_mapping":{"nesting_mode":"list","block":{"attributes":{"ip_address":{"type":"string","description":"The static IP address to assign to DHCP client","description_kind":"plain","required":true},"mac_address":{"type":"string","description":"The source MAC address of static mapping","description_kind":"plain","required":true}},"description_kind":"plain"}},"firewall":{"nesting_mode":"list","block":{"attributes":{"direction":{"type":"string","description":"The direction to apply the firewall. This must be one of [`send`/`receive`]","description_kind":"plain","required":true},"interface_index":{"type":"number","description":"The index of the network interface on which to enable filtering. This must be in the range [`0`-`7`]","description_kind":"plain","optional":true}},"block_types":{"expression":{"nesting_mode":"list","block":{"attributes":{"allow":{"type":"bool","description":"The flag to allow the packet through the filter","description_kind":"plain","required":true},"description":{"type":"string","description":"The description of the expression. The length of this value must be in the range [`0`-`512`]","description_kind":"plain","optional":true},"destination_network":{"type":"string","description":"A destination IP address or CIDR block used for filtering (e.g. `192.0.2.1`, `192.0.2.0/24`)","description_kind":"plain","optional":true},"destination_port":{"type":"string","description":"A destination port number or port range used for filtering (e.g. `1024`, `1024-2048`). This is only used when `protocol` is `tcp` or `udp`","description_kind":"plain","optional":true},"logging":{"type":"bool","description":"The flag to enable packet logging when matching the expression","description_kind":"plain","optional":true},"protocol":{"type":"string","description":"The protocol used for filtering. This must be one of [`tcp`/`udp`/`icmp`/`ip`]","description_kind":"plain","required":true},"source_network":{"type":"string","description":"A source IP address or CIDR block used for filtering (e.g. `192.0.2.1`, `192.0.2.0/24`)","description_kind":"plain","optional":true},"source_port":{"type":"string","description":"A source port number or port range used for filtering (e.g. `1024`, `1024-2048`). This is only used when `protocol` is `tcp` or `udp`","description_kind":"plain","optional":true}},"description_kind":"plain"},"min_items":1}},"description_kind":"plain"}},"l2tp":{"nesting_mode":"list","block":{"attributes":{"pre_shared_secret":{"type":"string","description":"The pre shared secret for L2TP/IPsec","description_kind":"plain","required":true,"sensitive":true},"range_start":{"type":"string","description":"The start value of IP address range to assign to L2TP/IPsec client","description_kind":"plain","required":true},"range_stop":{"type":"string","description":"The end value of IP address range to assign to L2TP/IPsec client","description_kind":"plain","required":true}},"description_kind":"plain"},"max_items":1},"port_forwarding":{"nesting_mode":"list","block":{"attributes":{"description":{"type":"string","description":"The description of the port forwarding. The length of this value must be in the range [`0`-`512`]","description_kind":"plain","optional":true},"private_ip":{"type":"string","description":"The destination ip address of the port forwarding","description_kind":"plain","required":true},"private_port":{"type":"number","description":"The destination port number of the port forwarding. This will be a port number on a private network","description_kind":"plain","required":true},"protocol":{"type":"string","description":"The protocol used for port forwarding. This must be one of [`tcp`/`udp`]","description_kind":"plain","required":true},"public_port":{"type":"number","description":"The source port number of the port forwarding. This must be a port number on a public network","description_kind":"plain","required":true}},"description_kind":"plain"}},"pptp":{"nesting_mode":"list","block":{"attributes":{"range_start":{"type":"string","description":"The start value of IP address range to assign to PPTP client","description_kind":"plain","required":true},"range_stop":{"type":"string","description":"The end value of IP address range to assign to PPTP client","description_kind":"plain","required":true}},"description_kind":"plain"},"max_items":1},"private_network_interface":{"nesting_mode":"list","block":{"attributes":{"index":{"type":"number","description":"The index of the network interface. This must be in the range [`1`-`7`]","description_kind":"plain","required":true},"ip_addresses":{"type":["list","string"],"description":"A list of ip address to assign to the network interface. This is required only one value when `plan` is `standard`, two values otherwise","description_kind":"plain","required":true},"netmask":{"type":"number","description":"The bit length of the subnet to assign to the network interface","description_kind":"plain","required":true},"switch_id":{"type":"string","description":"The id of the connected switch","description_kind":"plain","required":true},"vip":{"type":"string","description":"The virtual IP address to assign to the network interface. This is only required when `plan` is not `standard`","description_kind":"plain","optional":true}},"description_kind":"plain"},"max_items":7},"public_network_interface":{"nesting_mode":"list","block":{"attributes":{"aliases":{"type":["list","string"],"description":"A list of ip alias to assign to the VPC Router. This can only be specified if `plan` is not `standard`","description_kind":"plain","optional":true},"ip_addresses":{"type":["list","string"],"description":"The list of the IP address to assign to the VPC Router. This is required only one value when `plan` is `standard`, two values otherwise","description_kind":"plain","optional":true},"switch_id":{"type":"string","description":"The id of the switch to connect. This is only required when when `plan` is not `standard`","description_kind":"plain","optional":true},"vip":{"type":"string","description":"The virtual IP address of the VPC Router. This is only required when `plan` is not `standard`","description_kind":"plain","optional":true},"vrid":{"type":"number","description":"The Virtual Router Identifier. This is only required when `plan` is not `standard`","description_kind":"plain","optional":true}},"description_kind":"plain"},"max_items":1},"site_to_site_vpn":{"nesting_mode":"list","block":{"attributes":{"local_prefix":{"type":["set","string"],"description":"A list of CIDR block of the network under the VPC Router","description_kind":"plain","required":true},"peer":{"type":"string","description":"The IP address of the opposing appliance connected to the VPC Router","description_kind":"plain","required":true},"pre_shared_secret":{"type":"string","description":"The pre shared secret for the VPN. The length of this value must be in the range [`0`-`40`]","description_kind":"plain","required":true,"sensitive":true},"remote_id":{"type":"string","description":"The id of the opposing appliance connected to the VPC Router. This is typically set same as value of `peer`","description_kind":"plain","required":true},"routes":{"type":["set","string"],"description":"A list of CIDR block of VPN connected networks","description_kind":"plain","required":true}},"description_kind":"plain"}},"static_nat":{"nesting_mode":"list","block":{"attributes":{"description":{"type":"string","description":"The description of the static nat. The length of this value must be in the range [`0`-`512`]","description_kind":"plain","optional":true},"private_ip":{"type":"string","description":"The private IP address used for the static NAT","description_kind":"plain","required":true},"public_ip":{"type":"string","description":"The public IP address used for the static NAT","description_kind":"plain","required":true}},"description_kind":"plain"}},"static_route":{"nesting_mode":"list","block":{"attributes":{"next_hop":{"type":"string","description":"The IP address of the next hop","description_kind":"plain","required":true},"prefix":{"type":"string","description":"The CIDR block of destination","description_kind":"plain","required":true}},"description_kind":"plain"}},"timeouts":{"nesting_mode":"single","block":{"attributes":{"create":{"type":"string","description_kind":"plain","optional":true},"delete":{"type":"string","description_kind":"plain","optional":true},"update":{"type":"string","description_kind":"plain","optional":true}},"description_kind":"plain"}},"user":{"nesting_mode":"list","block":{"attributes":{"name":{"type":"string","description":"The user name used to authenticate remote access","description_kind":"plain","required":true},"password":{"type":"string","description":"The password used to authenticate remote access","description_kind":"plain","required":true,"sensitive":true}},"description_kind":"plain"},"max_items":100}},"description_kind":"plain"}}},"data_source_schemas":{"sakuracloud_archive":{"version":0,"block":{"attributes":{"description":{"type":"string","description":"The description of the Archive","description_kind":"plain","computed":true},"icon_id":{"type":"string","description":"The icon id attached to the Archive","description_kind":"plain","computed":true},"id":{"type":"string","description_kind":"plain","optional":true,"computed":true},"name":{"type":"string","description":"The name of the Archive","description_kind":"plain","computed":true},"os_type":{"type":"string","description":"The criteria used to filter SakuraCloud archives. This must be one of following:  \n`centos`/`centos8`/`centos7`/`centos6`/`ubuntu`/`ubuntu1804`/`ubuntu1604`/`debian`/`debian10`/`debian9`/`coreos`/`rancheros`/`k3os`/`kusanagi`/`freebsd`/`windows2016`/`windows2016-rds`/`windows2016-rds-office`/`windows2016-sql-web`/`windows2016-sql-standard`/`windows2016-sql-standard-all`/`windows2016-sql2017-standard`/`windows2016-sql2017-enterprise`/`windows2016-sql2017-standard-all`/`windows2019`/`windows2019-rds`/`windows2019-rds-office2016`/`windows2019-rds-office2019`/`windows2019-sql2017-web`/`windows2019-sql2019-web`/`windows2019-sql2017-standard`/`windows2019-sql2019-standard`/`windows2019-sql2017-enterprise`/`windows2019-sql2019-enterprise`/`windows2019-sql2017-standard-all`/`windows2019-sql2019-standard-all`","description_kind":"plain","optional":true},"size":{"type":"number","description":"The size of Archive in GiB","description_kind":"plain","computed":true},"tags":{"type":["set","string"],"description":"Any tags assigned to the Archive","description_kind":"plain","computed":true},"zone":{"type":"string","description":"The name of zone that the Archive is in (e.g. `is1a`, `tk1a`)","description_kind":"plain","optional":true,"computed":true}},"block_types":{"filter":{"nesting_mode":"list","block":{"attributes":{"id":{"type":"string","description":"The resource id on SakuraCloud used for filtering","description_kind":"plain","optional":true},"names":{"type":["list","string"],"description":"The resource names on SakuraCloud used for filtering. If multiple values ​​are specified, they combined as AND condition","description_kind":"plain","optional":true},"tags":{"type":["set","string"],"description":"The resource tags on SakuraCloud used for filtering. If multiple values ​​are specified, they combined as AND condition","description_kind":"plain","optional":true}},"block_types":{"condition":{"nesting_mode":"list","block":{"attributes":{"name":{"type":"string","description":"The name of the target field. This value is case-sensitive","description_kind":"plain","required":true},"values":{"type":["list","string"],"description":"The values of the condition. If multiple values ​​are specified, they combined as AND condition","description_kind":"plain","required":true}},"description_kind":"plain"}}},"description_kind":"plain"},"max_items":1}},"description_kind":"plain"}},"sakuracloud_bridge":{"version":0,"block":{"attributes":{"description":{"type":"string","description":"The description of the Bridge","description_kind":"plain","computed":true},"id":{"type":"string","description_kind":"plain","optional":true,"computed":true},"name":{"type":"string","description":"The name of the Bridge","description_kind":"plain","computed":true},"zone":{"type":"string","description":"The name of zone that the Bridge is in (e.g. `is1a`, `tk1a`)","description_kind":"plain","optional":true,"computed":true}},"block_types":{"filter":{"nesting_mode":"list","block":{"attributes":{"id":{"type":"string","description":"The resource id on SakuraCloud used for filtering","description_kind":"plain","optional":true},"names":{"type":["list","string"],"description":"The resource names on SakuraCloud used for filtering. If multiple values ​​are specified, they combined as AND condition","description_kind":"plain","optional":true}},"block_types":{"condition":{"nesting_mode":"list","block":{"attributes":{"name":{"type":"string","description":"The name of the target field. This value is case-sensitive","description_kind":"plain","required":true},"values":{"type":["list","string"],"description":"The values of the condition. If multiple values ​​are specified, they combined as AND condition","description_kind":"plain","required":true}},"description_kind":"plain"}}},"description_kind":"plain"},"max_items":1}},"description_kind":"plain"}},"sakuracloud_bucket_object":{"version":0,"block":{"attributes":{"access_key":{"type":"string","description":"The access key for using SakuraCloud Object Storage API","description_kind":"plain","required":true},"body":{"type":"string","description":"The body of the BucketObject","description_kind":"plain","computed":true},"bucket":{"type":"string","description":"The name of bucket","description_kind":"plain","required":true},"content_type":{"type":"string","description":"The content type of the BucketObject","description_kind":"plain","computed":true},"etag":{"type":"string","description":"The etag of the BucketObject","description_kind":"plain","computed":true},"http_cache_url":{"type":"string","description":"The URL for cached access to the BucketObject via HTTP","description_kind":"plain","computed":true},"http_path_url":{"type":"string","description":"The URL with path-format for accessing the BucketObject via HTTP","description_kind":"plain","computed":true},"http_url":{"type":"string","description":"The URL for accessing the BucketObject via HTTP","description_kind":"plain","computed":true},"https_cache_url":{"type":"string","description":"The URL for cached access to the BucketObject via HTTPS","description_kind":"plain","computed":true},"https_path_url":{"type":"string","description":"The URL with path-format for accessing the BucketObject via HTTPS","description_kind":"plain","computed":true},"https_url":{"type":"string","description":"The URL for accessing the BucketObject via HTTPS","description_kind":"plain","computed":true},"id":{"type":"string","description_kind":"plain","optional":true,"computed":true},"key":{"type":"string","description":"The name of the BucketObject","description_kind":"plain","required":true},"last_modified":{"type":"string","description":"The time when the BucketObject last modified","description_kind":"plain","computed":true},"secret_key":{"type":"string","description":"The secret key for using SakuraCloud Object Storage API","description_kind":"plain","required":true,"sensitive":true},"size":{"type":"number","description":"The size of the BucketObject in bytes","description_kind":"plain","computed":true}},"description_kind":"plain"}},"sakuracloud_cdrom":{"version":0,"block":{"attributes":{"description":{"type":"string","description":"The description of the CD-ROM","description_kind":"plain","computed":true},"icon_id":{"type":"string","description":"The icon id attached to the CD-ROM","description_kind":"plain","computed":true},"id":{"type":"string","description_kind":"plain","optional":true,"computed":true},"name":{"type":"string","description":"The name of the CD-ROM","description_kind":"plain","computed":true},"size":{"type":"number","description":"The size of CD-ROM in GiB","description_kind":"plain","computed":true},"tags":{"type":["set","string"],"description":"Any tags assigned to the CD-ROM","description_kind":"plain","computed":true},"zone":{"type":"string","description":"The name of zone that the CD-ROM is in (e.g. `is1a`, `tk1a`)","description_kind":"plain","optional":true,"computed":true}},"block_types":{"filter":{"nesting_mode":"list","block":{"attributes":{"id":{"type":"string","description":"The resource id on SakuraCloud used for filtering","description_kind":"plain","optional":true},"names":{"type":["list","string"],"description":"The resource names on SakuraCloud used for filtering. If multiple values ​​are specified, they combined as AND condition","description_kind":"plain","optional":true},"tags":{"type":["set","string"],"description":"The resource tags on SakuraCloud used for filtering. If multiple values ​​are specified, they combined as AND condition","description_kind":"plain","optional":true}},"block_types":{"condition":{"nesting_mode":"list","block":{"attributes":{"name":{"type":"string","description":"The name of the target field. This value is case-sensitive","description_kind":"plain","required":true},"values":{"type":["list","string"],"description":"The values of the condition. If multiple values ​​are specified, they combined as AND condition","description_kind":"plain","required":true}},"description_kind":"plain"}}},"description_kind":"plain"},"max_items":1}},"description_kind":"plain"}},"sakuracloud_container_registry":{"version":0,"block":{"attributes":{"access_level":{"type":"string","description":"The level of access that allow to users. This will be one of [`readwrite`/`readonly`/`none`]","description_kind":"plain","computed":true},"description":{"type":"string","description":"The description of the ContainerRegistry","description_kind":"plain","computed":true},"fqdn":{"type":"string","description":"The FQDN for accessing the container registry. FQDN is built from `subdomain_label` + `.sakuracr.jp`","description_kind":"plain","computed":true},"icon_id":{"type":"string","description":"The icon id attached to the ContainerRegistry","description_kind":"plain","computed":true},"id":{"type":"string","description_kind":"plain","optional":true,"computed":true},"name":{"type":"string","description":"The name of the ContainerRegistry","description_kind":"plain","computed":true},"subdomain_label":{"type":"string","description":"The label at the lowest of the FQDN used when be accessed from users","description_kind":"plain","computed":true},"tags":{"type":["set","string"],"description":"Any tags assigned to the ContainerRegistry","description_kind":"plain","computed":true},"user":{"type":["list",["object",{"name":"string","permission":"string"}]],"description_kind":"plain","computed":true},"virtual_domain":{"type":"string","description":"The alias for accessing the container registry","description_kind":"plain","computed":true}},"block_types":{"filter":{"nesting_mode":"list","block":{"attributes":{"id":{"type":"string","description":"The resource id on SakuraCloud used for filtering","description_kind":"plain","optional":true},"names":{"type":["list","string"],"description":"The resource names on SakuraCloud used for filtering. If multiple values ​​are specified, they combined as AND condition","description_kind":"plain","optional":true},"tags":{"type":["set","string"],"description":"The resource tags on SakuraCloud used for filtering. If multiple values ​​are specified, they combined as AND condition","description_kind":"plain","optional":true}},"block_types":{"condition":{"nesting_mode":"list","block":{"attributes":{"name":{"type":"string","description":"The name of the target field. This value is case-sensitive","description_kind":"plain","required":true},"values":{"type":["list","string"],"description":"The values of the condition. If multiple values ​​are specified, they combined as AND condition","description_kind":"plain","required":true}},"description_kind":"plain"}}},"description_kind":"plain"},"max_items":1}},"description_kind":"plain"}},"sakuracloud_database":{"version":0,"block":{"attributes":{"backup":{"type":["list",["object",{"time":"string","weekdays":["set","string"]}]],"description_kind":"plain","computed":true},"database_type":{"type":"string","description":"The type of the database. This will be one of [`mariadb`/`postgres`]","description_kind":"plain","computed":true},"description":{"type":"string","description":"The description of the Database","description_kind":"plain","computed":true},"icon_id":{"type":"string","description":"The icon id attached to the Database","description_kind":"plain","computed":true},"id":{"type":"string","description_kind":"plain","optional":true,"computed":true},"name":{"type":"string","description":"The name of the Database","description_kind":"plain","computed":true},"network_interface":{"type":["list",["object",{"gateway":"string","ip_address":"string","netmask":"number","port":"number","source_ranges":["list","string"],"switch_id":"string"}]],"description_kind":"plain","computed":true},"password":{"type":"string","description":"The password of default user on the database","description_kind":"plain","computed":true,"sensitive":true},"plan":{"type":"string","description":"The plan name of the Database. This will be one of [`10g`/`30g`/`90g`/`240g`/`500g`/`1t`]","description_kind":"plain","computed":true},"replica_password":{"type":"string","description":"The password of user that processing a replication","description_kind":"plain","computed":true,"sensitive":true},"replica_user":{"type":"string","description":"The name of user that processing a replication","description_kind":"plain","computed":true},"tags":{"type":["set","string"],"description":"Any tags assigned to the Database","description_kind":"plain","computed":true},"username":{"type":"string","description":"The name of default user on the database","description_kind":"plain","computed":true},"zone":{"type":"string","description":"The name of zone that the Database is in (e.g. `is1a`, `tk1a`)","description_kind":"plain","optional":true,"computed":true}},"block_types":{"filter":{"nesting_mode":"list","block":{"attributes":{"id":{"type":"string","description":"The resource id on SakuraCloud used for filtering","description_kind":"plain","optional":true},"names":{"type":["list","string"],"description":"The resource names on SakuraCloud used for filtering. If multiple values ​​are specified, they combined as AND condition","description_kind":"plain","optional":true},"tags":{"type":["set","string"],"description":"The resource tags on SakuraCloud used for filtering. If multiple values ​​are specified, they combined as AND condition","description_kind":"plain","optional":true}},"block_types":{"condition":{"nesting_mode":"list","block":{"attributes":{"name":{"type":"string","description":"The name of the target field. This value is case-sensitive","description_kind":"plain","required":true},"values":{"type":["list","string"],"description":"The values of the condition. If multiple values ​​are specified, they combined as AND condition","description_kind":"plain","required":true}},"description_kind":"plain"}}},"description_kind":"plain"},"max_items":1}},"description_kind":"plain"}},"sakuracloud_disk":{"version":0,"block":{"attributes":{"connector":{"type":"string","description":"The name of the disk connector. This will be one of [`virtio`/`ide`]","description_kind":"plain","computed":true},"description":{"type":"string","description":"The description of the Disk","description_kind":"plain","computed":true},"icon_id":{"type":"string","description":"The icon id attached to the Disk","description_kind":"plain","computed":true},"id":{"type":"string","description_kind":"plain","optional":true,"computed":true},"name":{"type":"string","description":"The name of the Disk","description_kind":"plain","computed":true},"plan":{"type":"string","description":"The plan name of the Disk. This will be one of [`ssd`/`hdd`]","description_kind":"plain","computed":true},"server_id":{"type":"string","description":"The id of the Server connected to the Disk","description_kind":"plain","computed":true},"size":{"type":"number","description":"The size of Disk in GiB","description_kind":"plain","computed":true},"source_archive_id":{"type":"string","description":"The id of the source archive","description_kind":"plain","computed":true},"source_disk_id":{"type":"string","description":"The id of the source disk","description_kind":"plain","computed":true},"tags":{"type":["set","string"],"description":"Any tags assigned to the Disk","description_kind":"plain","computed":true},"zone":{"type":"string","description":"The name of zone that the Disk is in (e.g. `is1a`, `tk1a`)","description_kind":"plain","optional":true,"computed":true}},"block_types":{"filter":{"nesting_mode":"list","block":{"attributes":{"id":{"type":"string","description":"The resource id on SakuraCloud used for filtering","description_kind":"plain","optional":true},"names":{"type":["list","string"],"description":"The resource names on SakuraCloud used for filtering. If multiple values ​​are specified, they combined as AND condition","description_kind":"plain","optional":true},"tags":{"type":["set","string"],"description":"The resource tags on SakuraCloud used for filtering. If multiple values ​​are specified, they combined as AND condition","description_kind":"plain","optional":true}},"block_types":{"condition":{"nesting_mode":"list","block":{"attributes":{"name":{"type":"string","description":"The name of the target field. This value is case-sensitive","description_kind":"plain","required":true},"values":{"type":["list","string"],"description":"The values of the condition. If multiple values ​​are specified, they combined as AND condition","description_kind":"plain","required":true}},"description_kind":"plain"}}},"description_kind":"plain"},"max_items":1}},"description_kind":"plain"}},"sakuracloud_dns":{"version":0,"block":{"attributes":{"description":{"type":"string","description":"The description of the DNS","description_kind":"plain","computed":true},"dns_servers":{"type":["list","string"],"description":"A list of IP address of DNS server that manage this zone","description_kind":"plain","computed":true},"icon_id":{"type":"string","description":"The icon id attached to the DNS","description_kind":"plain","computed":true},"id":{"type":"string","description_kind":"plain","optional":true,"computed":true},"record":{"type":["list",["object",{"name":"string","port":"number","priority":"number","ttl":"number","type":"string","value":"string","weight":"number"}]],"description_kind":"plain","computed":true},"tags":{"type":["set","string"],"description":"Any tags assigned to the DNS","description_kind":"plain","computed":true},"zone":{"type":"string","description":"The name of managed domain","description_kind":"plain","computed":true}},"block_types":{"filter":{"nesting_mode":"list","block":{"attributes":{"id":{"type":"string","description":"The resource id on SakuraCloud used for filtering","description_kind":"plain","optional":true},"names":{"type":["list","string"],"description":"The resource names on SakuraCloud used for filtering. If multiple values ​​are specified, they combined as AND condition","description_kind":"plain","optional":true},"tags":{"type":["set","string"],"description":"The resource tags on SakuraCloud used for filtering. If multiple values ​​are specified, they combined as AND condition","description_kind":"plain","optional":true}},"block_types":{"condition":{"nesting_mode":"list","block":{"attributes":{"name":{"type":"string","description":"The name of the target field. This value is case-sensitive","description_kind":"plain","required":true},"values":{"type":["list","string"],"description":"The values of the condition. If multiple values ​​are specified, they combined as AND condition","description_kind":"plain","required":true}},"description_kind":"plain"}}},"description_kind":"plain"},"max_items":1}},"description_kind":"plain"}},"sakuracloud_gslb":{"version":0,"block":{"attributes":{"description":{"type":"string","description":"The description of the GSLB","description_kind":"plain","computed":true},"fqdn":{"type":"string","description":"The FQDN for accessing to the GSLB. This is typically used as value of CNAME record","description_kind":"plain","computed":true},"health_check":{"type":["list",["object",{"delay_loop":"number","host_header":"string","path":"string","port":"number","protocol":"string","status":"string"}]],"description_kind":"plain","computed":true},"icon_id":{"type":"string","description":"The icon id attached to the GSLB","description_kind":"plain","computed":true},"id":{"type":"string","description_kind":"plain","optional":true,"computed":true},"name":{"type":"string","description":"The name of the GSLB","description_kind":"plain","computed":true},"server":{"type":["list",["object",{"enabled":"bool","ip_address":"string","weight":"number"}]],"description_kind":"plain","computed":true},"sorry_server":{"type":"string","description":"The IP address of the SorryServer. This will be used when all servers are down","description_kind":"plain","computed":true},"tags":{"type":["set","string"],"description":"Any tags assigned to the GSLB","description_kind":"plain","computed":true},"weighted":{"type":"bool","description":"The flag to enable weighted load-balancing","description_kind":"plain","computed":true}},"block_types":{"filter":{"nesting_mode":"list","block":{"attributes":{"id":{"type":"string","description":"The resource id on SakuraCloud used for filtering","description_kind":"plain","optional":true},"names":{"type":["list","string"],"description":"The resource names on SakuraCloud used for filtering. If multiple values ​​are specified, they combined as AND condition","description_kind":"plain","optional":true},"tags":{"type":["set","string"],"description":"The resource tags on SakuraCloud used for filtering. If multiple values ​​are specified, they combined as AND condition","description_kind":"plain","optional":true}},"block_types":{"condition":{"nesting_mode":"list","block":{"attributes":{"name":{"type":"string","description":"The name of the target field. This value is case-sensitive","description_kind":"plain","required":true},"values":{"type":["list","string"],"description":"The values of the condition. If multiple values ​​are specified, they combined as AND condition","description_kind":"plain","required":true}},"description_kind":"plain"}}},"description_kind":"plain"},"max_items":1}},"description_kind":"plain"}},"sakuracloud_icon":{"version":0,"block":{"attributes":{"id":{"type":"string","description_kind":"plain","optional":true,"computed":true},"name":{"type":"string","description":"The name of the Icon","description_kind":"plain","computed":true},"tags":{"type":["set","string"],"description":"Any tags assigned to the Icon","description_kind":"plain","computed":true},"url":{"type":"string","description":"The URL for getting the icon's raw data","description_kind":"plain","computed":true}},"block_types":{"filter":{"nesting_mode":"list","block":{"attributes":{"id":{"type":"string","description":"The resource id on SakuraCloud used for filtering","description_kind":"plain","optional":true},"names":{"type":["list","string"],"description":"The resource names on SakuraCloud used for filtering. If multiple values ​​are specified, they combined as AND condition","description_kind":"plain","optional":true},"tags":{"type":["set","string"],"description":"The resource tags on SakuraCloud used for filtering. If multiple values ​​are specified, they combined as AND condition","description_kind":"plain","optional":true}},"block_types":{"condition":{"nesting_mode":"list","block":{"attributes":{"name":{"type":"string","description":"The name of the target field. This value is case-sensitive","description_kind":"plain","required":true},"values":{"type":["list","string"],"description":"The values of the condition. If multiple values ​​are specified, they combined as AND condition","description_kind":"plain","required":true}},"description_kind":"plain"}}},"description_kind":"plain"},"max_items":1}},"description_kind":"plain"}},"sakuracloud_internet":{"version":0,"block":{"attributes":{"band_width":{"type":"number","description":"The bandwidth of the network connected to the Internet in Mbps","description_kind":"plain","computed":true},"description":{"type":"string","description":"The description of the Switch+Router","description_kind":"plain","computed":true},"enable_ipv6":{"type":"bool","description":"The flag to enable IPv6","description_kind":"plain","computed":true},"gateway":{"type":"string","description":"The IP address of the gateway used by Switch+Router","description_kind":"plain","computed":true},"icon_id":{"type":"string","description":"The icon id attached to the Switch+Router","description_kind":"plain","computed":true},"id":{"type":"string","description_kind":"plain","optional":true,"computed":true},"ip_addresses":{"type":["list","string"],"description":"A list of assigned global address to the Switch+Router","description_kind":"plain","computed":true},"ipv6_network_address":{"type":"string","description":"The IPv6 network address assigned to the Switch+Router","description_kind":"plain","computed":true},"ipv6_prefix":{"type":"string","description":"The network prefix of assigned IPv6 addresses to the Switch+Router","description_kind":"plain","computed":true},"ipv6_prefix_len":{"type":"number","description":"The bit length of IPv6 network prefix","description_kind":"plain","computed":true},"max_ip_address":{"type":"string","description":"Maximum IP address in assigned global addresses to the Switch+Router","description_kind":"plain","computed":true},"min_ip_address":{"type":"string","description":"Minimum IP address in assigned global addresses to the Switch+Router","description_kind":"plain","computed":true},"name":{"type":"string","description":"The name of the Switch+Router","description_kind":"plain","computed":true},"netmask":{"type":"number","description":"The bit length of the subnet assigned to the Switch+Router","description_kind":"plain","computed":true},"network_address":{"type":"string","description":"The IPv4 network address assigned to the Switch+Router","description_kind":"plain","computed":true},"server_ids":{"type":["list","string"],"description":"A list of the ID of Servers connected to the Switch+Router","description_kind":"plain","computed":true},"switch_id":{"type":"string","description":"The id of the switch connected from the Switch+Router","description_kind":"plain","computed":true},"tags":{"type":["set","string"],"description":"Any tags assigned to the Switch+Router","description_kind":"plain","computed":true},"zone":{"type":"string","description":"The name of zone that the Switch+Router is in (e.g. `is1a`, `tk1a`)","description_kind":"plain","optional":true,"computed":true}},"block_types":{"filter":{"nesting_mode":"list","block":{"attributes":{"id":{"type":"string","description":"The resource id on SakuraCloud used for filtering","description_kind":"plain","optional":true},"names":{"type":["list","string"],"description":"The resource names on SakuraCloud used for filtering. If multiple values ​​are specified, they combined as AND condition","description_kind":"plain","optional":true},"tags":{"type":["set","string"],"description":"The resource tags on SakuraCloud used for filtering. If multiple values ​​are specified, they combined as AND condition","description_kind":"plain","optional":true}},"block_types":{"condition":{"nesting_mode":"list","block":{"attributes":{"name":{"type":"string","description":"The name of the target field. This value is case-sensitive","description_kind":"plain","required":true},"values":{"type":["list","string"],"description":"The values of the condition. If multiple values ​​are specified, they combined as AND condition","description_kind":"plain","required":true}},"description_kind":"plain"}}},"description_kind":"plain"},"max_items":1}},"description_kind":"plain"}},"sakuracloud_load_balancer":{"version":0,"block":{"attributes":{"description":{"type":"string","description":"The description of the LoadBalancer","description_kind":"plain","computed":true},"icon_id":{"type":"string","description":"The icon id attached to the LoadBalancer","description_kind":"plain","computed":true},"id":{"type":"string","description_kind":"plain","optional":true,"computed":true},"name":{"type":"string","description":"The name of the LoadBalancer","description_kind":"plain","computed":true},"network_interface":{"type":["list",["object",{"gateway":"string","ip_addresses":["list","string"],"netmask":"number","switch_id":"string","vrid":"number"}]],"description_kind":"plain","computed":true},"plan":{"type":"string","description":"The plan name of the LoadBalancer. This will be one of [`standard`/`highspec`]","description_kind":"plain","computed":true},"tags":{"type":["set","string"],"description":"Any tags assigned to the LoadBalancer","description_kind":"plain","computed":true},"vip":{"type":["list",["object",{"delay_loop":"number","description":"string","port":"number","server":["list",["object",{"enabled":"bool","ip_address":"string","path":"string","protocol":"string","status":"string"}]],"sorry_server":"string","vip":"string"}]],"description_kind":"plain","computed":true},"zone":{"type":"string","description":"The name of zone that the LoadBalancer is in (e.g. `is1a`, `tk1a`)","description_kind":"plain","optional":true,"computed":true}},"block_types":{"filter":{"nesting_mode":"list","block":{"attributes":{"id":{"type":"string","description":"The resource id on SakuraCloud used for filtering","description_kind":"plain","optional":true},"names":{"type":["list","string"],"description":"The resource names on SakuraCloud used for filtering. If multiple values ​​are specified, they combined as AND condition","description_kind":"plain","optional":true},"tags":{"type":["set","string"],"description":"The resource tags on SakuraCloud used for filtering. If multiple values ​​are specified, they combined as AND condition","description_kind":"plain","optional":true}},"block_types":{"condition":{"nesting_mode":"list","block":{"attributes":{"name":{"type":"string","description":"The name of the target field. This value is case-sensitive","description_kind":"plain","required":true},"values":{"type":["list","string"],"description":"The values of the condition. If multiple values ​​are specified, they combined as AND condition","description_kind":"plain","required":true}},"description_kind":"plain"}}},"description_kind":"plain"},"max_items":1}},"description_kind":"plain"}},"sakuracloud_local_router":{"version":0,"block":{"attributes":{"description":{"type":"string","description":"The description of the LocalRouter","description_kind":"plain","computed":true},"icon_id":{"type":"string","description":"The icon id attached to the LocalRouter","description_kind":"plain","computed":true},"id":{"type":"string","description_kind":"plain","optional":true,"computed":true},"name":{"type":"string","description":"The name of the LocalRouter","description_kind":"plain","computed":true},"network_interface":{"type":["list",["object",{"ip_addresses":["list","string"],"netmask":"number","vip":"string","vrid":"number"}]],"description_kind":"plain","computed":true},"peer":{"type":["list",["object",{"description":"string","enabled":"bool","peer_id":"string","secret_key":"string"}]],"description_kind":"plain","computed":true},"secret_keys":{"type":["list","string"],"description":"A list of secret key used for peering from other LocalRouters","description_kind":"plain","computed":true},"static_route":{"type":["list",["object",{"next_hop":"string","prefix":"string"}]],"description_kind":"plain","computed":true},"switch":{"type":["list",["object",{"category":"string","code":"string","zone_id":"string"}]],"description_kind":"plain","computed":true},"tags":{"type":["set","string"],"description":"Any tags assigned to the LocalRouter","description_kind":"plain","computed":true}},"block_types":{"filter":{"nesting_mode":"list","block":{"attributes":{"id":{"type":"string","description":"The resource id on SakuraCloud used for filtering","description_kind":"plain","optional":true},"names":{"type":["list","string"],"description":"The resource names on SakuraCloud used for filtering. If multiple values ​​are specified, they combined as AND condition","description_kind":"plain","optional":true},"tags":{"type":["set","string"],"description":"The resource tags on SakuraCloud used for filtering. If multiple values ​​are specified, they combined as AND condition","description_kind":"plain","optional":true}},"block_types":{"condition":{"nesting_mode":"list","block":{"attributes":{"name":{"type":"string","description":"The name of the target field. This value is case-sensitive","description_kind":"plain","required":true},"values":{"type":["list","string"],"description":"The values of the condition. If multiple values ​​are specified, they combined as AND condition","description_kind":"plain","required":true}},"description_kind":"plain"}}},"description_kind":"plain"},"max_items":1}},"description_kind":"plain"}},"sakuracloud_nfs":{"version":0,"block":{"attributes":{"description":{"type":"string","description":"The description of the NFS","description_kind":"plain","computed":true},"icon_id":{"type":"string","description":"The icon id attached to the NFS","description_kind":"plain","computed":true},"id":{"type":"string","description_kind":"plain","optional":true,"computed":true},"name":{"type":"string","description":"The name of the NFS","description_kind":"plain","computed":true},"network_interface":{"type":["list",["object",{"gateway":"string","ip_address":"string","netmask":"number","switch_id":"string"}]],"description_kind":"plain","computed":true},"plan":{"type":"string","description":"The plan name of the NFS. This will be one of [`hdd`/`ssd`]","description_kind":"plain","computed":true},"size":{"type":"number","description":"The size of NFS in GiB","description_kind":"plain","computed":true},"tags":{"type":["set","string"],"description":"Any tags assigned to the NFS","description_kind":"plain","computed":true},"zone":{"type":"string","description":"The name of zone that the NFS is in (e.g. `is1a`, `tk1a`)","description_kind":"plain","optional":true,"computed":true}},"block_types":{"filter":{"nesting_mode":"list","block":{"attributes":{"id":{"type":"string","description":"The resource id on SakuraCloud used for filtering","description_kind":"plain","optional":true},"names":{"type":["list","string"],"description":"The resource names on SakuraCloud used for filtering. If multiple values ​​are specified, they combined as AND condition","description_kind":"plain","optional":true},"tags":{"type":["set","string"],"description":"The resource tags on SakuraCloud used for filtering. If multiple values ​​are specified, they combined as AND condition","description_kind":"plain","optional":true}},"block_types":{"condition":{"nesting_mode":"list","block":{"attributes":{"name":{"type":"string","description":"The name of the target field. This value is case-sensitive","description_kind":"plain","required":true},"values":{"type":["list","string"],"description":"The values of the condition. If multiple values ​​are specified, they combined as AND condition","description_kind":"plain","required":true}},"description_kind":"plain"}}},"description_kind":"plain"},"max_items":1}},"description_kind":"plain"}},"sakuracloud_note":{"version":0,"block":{"attributes":{"class":{"type":"string","description":"The class of the Note. This will be one of [`shell`/`yaml_cloud_config`]","description_kind":"plain","computed":true},"content":{"type":"string","description":"The content of the Note","description_kind":"plain","computed":true},"description":{"type":"string","description":"The description of the Note","description_kind":"plain","computed":true},"icon_id":{"type":"string","description":"The icon id attached to the Note","description_kind":"plain","computed":true},"id":{"type":"string","description_kind":"plain","optional":true,"computed":true},"name":{"type":"string","description":"The name of the Note","description_kind":"plain","computed":true},"tags":{"type":["set","string"],"description":"Any tags assigned to the Note","description_kind":"plain","computed":true}},"block_types":{"filter":{"nesting_mode":"list","block":{"attributes":{"id":{"type":"string","description":"The resource id on SakuraCloud used for filtering","description_kind":"plain","optional":true},"names":{"type":["list","string"],"description":"The resource names on SakuraCloud used for filtering. If multiple values ​​are specified, they combined as AND condition","description_kind":"plain","optional":true},"tags":{"type":["set","string"],"description":"The resource tags on SakuraCloud used for filtering. If multiple values ​​are specified, they combined as AND condition","description_kind":"plain","optional":true}},"block_types":{"condition":{"nesting_mode":"list","block":{"attributes":{"name":{"type":"string","description":"The name of the target field. This value is case-sensitive","description_kind":"plain","required":true},"values":{"type":["list","string"],"description":"The values of the condition. If multiple values ​​are specified, they combined as AND condition","description_kind":"plain","required":true}},"description_kind":"plain"}}},"description_kind":"plain"},"max_items":1}},"description_kind":"plain"}},"sakuracloud_packet_filter":{"version":0,"block":{"attributes":{"description":{"type":"string","description":"The description of the PacketFilter","description_kind":"plain","computed":true},"expression":{"type":["list",["object",{"allow":"bool","description":"string","destination_port":"string","protocol":"string","source_network":"string","source_port":"string"}]],"description_kind":"plain","computed":true},"id":{"type":"string","description_kind":"plain","optional":true,"computed":true},"name":{"type":"string","description":"The name of the PacketFilter","description_kind":"plain","computed":true},"zone":{"type":"string","description":"The name of zone that the PacketFilter is in (e.g. `is1a`, `tk1a`)","description_kind":"plain","optional":true,"computed":true}},"block_types":{"filter":{"nesting_mode":"list","block":{"attributes":{"id":{"type":"string","description":"The resource id on SakuraCloud used for filtering","description_kind":"plain","optional":true},"names":{"type":["list","string"],"description":"The resource names on SakuraCloud used for filtering. If multiple values ​​are specified, they combined as AND condition","description_kind":"plain","optional":true}},"block_types":{"condition":{"nesting_mode":"list","block":{"attributes":{"name":{"type":"string","description":"The name of the target field. This value is case-sensitive","description_kind":"plain","required":true},"values":{"type":["list","string"],"description":"The values of the condition. If multiple values ​​are specified, they combined as AND condition","description_kind":"plain","required":true}},"description_kind":"plain"}}},"description_kind":"plain"},"max_items":1}},"description_kind":"plain"}},"sakuracloud_private_host":{"version":0,"block":{"attributes":{"assigned_core":{"type":"number","description":"The total number of CPUs assigned to servers on the private host","description_kind":"plain","computed":true},"assigned_memory":{"type":"number","description":"The total size of memory assigned to servers on the private host","description_kind":"plain","computed":true},"class":{"type":"string","description":"The class of the PrivateHost. This will be one of [`dynamic`/`ms_windows`]","description_kind":"plain","computed":true},"description":{"type":"string","description":"The description of the PrivateHost","description_kind":"plain","computed":true},"hostname":{"type":"string","description":"The hostname of the private host","description_kind":"plain","computed":true},"icon_id":{"type":"string","description":"The icon id attached to the PrivateHost","description_kind":"plain","computed":true},"id":{"type":"string","description_kind":"plain","optional":true,"computed":true},"name":{"type":"string","description":"The name of the PrivateHost","description_kind":"plain","computed":true},"tags":{"type":["set","string"],"description":"Any tags assigned to the PrivateHost","description_kind":"plain","computed":true},"zone":{"type":"string","description":"The name of zone that the PrivateHost is in (e.g. `is1a`, `tk1a`)","description_kind":"plain","optional":true,"computed":true}},"block_types":{"filter":{"nesting_mode":"list","block":{"attributes":{"id":{"type":"string","description":"The resource id on SakuraCloud used for filtering","description_kind":"plain","optional":true},"names":{"type":["list","string"],"description":"The resource names on SakuraCloud used for filtering. If multiple values ​​are specified, they combined as AND condition","description_kind":"plain","optional":true},"tags":{"type":["set","string"],"description":"The resource tags on SakuraCloud used for filtering. If multiple values ​​are specified, they combined as AND condition","description_kind":"plain","optional":true}},"block_types":{"condition":{"nesting_mode":"list","block":{"attributes":{"name":{"type":"string","description":"The name of the target field. This value is case-sensitive","description_kind":"plain","required":true},"values":{"type":["list","string"],"description":"The values of the condition. If multiple values ​​are specified, they combined as AND condition","description_kind":"plain","required":true}},"description_kind":"plain"}}},"description_kind":"plain"},"max_items":1}},"description_kind":"plain"}},"sakuracloud_proxylb":{"version":0,"block":{"attributes":{"bind_port":{"type":["list",["object",{"port":"number","proxy_mode":"string","redirect_to_https":"bool","response_header":["list",["object",{"header":"string","value":"string"}]],"support_http2":"bool"}]],"description_kind":"plain","computed":true},"certificate":{"type":["list",["object",{"additional_certificate":["list",["object",{"intermediate_cert":"string","private_key":"string","server_cert":"string"}]],"intermediate_cert":"string","private_key":"string","server_cert":"string"}]],"description_kind":"plain","computed":true},"description":{"type":"string","description":"The description of the ProxyLB","description_kind":"plain","computed":true},"fqdn":{"type":"string","description":"The FQDN for accessing to the ProxyLB. This is typically used as value of CNAME record","description_kind":"plain","computed":true},"health_check":{"type":["list",["object",{"delay_loop":"number","host_header":"string","path":"string","port":"number","protocol":"string"}]],"description_kind":"plain","computed":true},"icon_id":{"type":"string","description":"The icon id attached to the ProxyLB","description_kind":"plain","computed":true},"id":{"type":"string","description_kind":"plain","optional":true,"computed":true},"name":{"type":"string","description":"The name of the ProxyLB","description_kind":"plain","computed":true},"plan":{"type":"number","description":"The plan name of the ProxyLB. This will be one of [`100`/`500`/`1000`/`5000`/`10000`/`50000`/`100000`]","description_kind":"plain","computed":true},"proxy_networks":{"type":["list","string"],"description":"A list of CIDR block used by the ProxyLB to access the server","description_kind":"plain","computed":true},"region":{"type":"string","description":"The name of region that the proxy LB is in. This will be one of [`tk1`/`is1`/`anycast`]","description_kind":"plain","computed":true},"rule":{"type":["list",["object",{"group":"string","host":"string","path":"string"}]],"description_kind":"plain","computed":true},"server":{"type":["list",["object",{"enabled":"bool","group":"string","ip_address":"string","port":"number"}]],"description_kind":"plain","computed":true},"sorry_server":{"type":["list",["object",{"ip_address":"string","port":"number"}]],"description_kind":"plain","computed":true},"sticky_session":{"type":"bool","description":"The flag to enable sticky session","description_kind":"plain","computed":true},"tags":{"type":["set","string"],"description":"Any tags assigned to the ProxyLB","description_kind":"plain","computed":true},"timeout":{"type":"number","description":"The timeout duration in seconds","description_kind":"plain","computed":true},"vip":{"type":"string","description":"The virtual IP address assigned to the ProxyLB","description_kind":"plain","computed":true},"vip_failover":{"type":"bool","description":"The flag to enable VIP fail-over","description_kind":"plain","computed":true}},"block_types":{"filter":{"nesting_mode":"list","block":{"attributes":{"id":{"type":"string","description":"The resource id on SakuraCloud used for filtering","description_kind":"plain","optional":true},"names":{"type":["list","string"],"description":"The resource names on SakuraCloud used for filtering. If multiple values ​​are specified, they combined as AND condition","description_kind":"plain","optional":true},"tags":{"type":["set","string"],"description":"The resource tags on SakuraCloud used for filtering. If multiple values ​​are specified, they combined as AND condition","description_kind":"plain","optional":true}},"block_types":{"condition":{"nesting_mode":"list","block":{"attributes":{"name":{"type":"string","description":"The name of the target field. This value is case-sensitive","description_kind":"plain","required":true},"values":{"type":["list","string"],"description":"The values of the condition. If multiple values ​​are specified, they combined as AND condition","description_kind":"plain","required":true}},"description_kind":"plain"}}},"description_kind":"plain"},"max_items":1}},"description_kind":"plain"}},"sakuracloud_server":{"version":0,"block":{"attributes":{"cdrom_id":{"type":"string","description":"The id of the CD-ROM attached to the server","description_kind":"plain","computed":true},"commitment":{"type":"string","description":"The policy of how to allocate virtual CPUs to the server. This will be one of [`standard`/`dedicatedcpu`]","description_kind":"plain","computed":true},"core":{"type":"number","description":"The number of virtual CPUs","description_kind":"plain","computed":true},"description":{"type":"string","description":"The description of the Server","description_kind":"plain","computed":true},"disks":{"type":["list","string"],"description":"A list of disk id connected to the server","description_kind":"plain","computed":true},"dns_servers":{"type":["list","string"],"description":"A list of IP address of DNS server in the zone","description_kind":"plain","computed":true},"gateway":{"type":"string","description":"The IP address of the gateway used by Server","description_kind":"plain","computed":true},"hostname":{"type":"string","description":"The hostname of the Server","description_kind":"plain","computed":true},"icon_id":{"type":"string","description":"The icon id attached to the Server","description_kind":"plain","computed":true},"id":{"type":"string","description_kind":"plain","optional":true,"computed":true},"interface_driver":{"type":"string","description":"The driver name of network interface. This will be one of [`virtio`/`e1000`]","description_kind":"plain","computed":true},"ip_address":{"type":"string","description":"The IP address assigned to the Server","description_kind":"plain","computed":true},"memory":{"type":"number","description":"The size of memory in GiB","description_kind":"plain","computed":true},"name":{"type":"string","description":"The name of the Server","description_kind":"plain","computed":true},"netmask":{"type":"number","description":"The bit length of the subnet assigned to the Server","description_kind":"plain","computed":true},"network_address":{"type":"string","description":"The network address which the `ip_address` belongs","description_kind":"plain","computed":true},"network_interface":{"type":["list",["object",{"mac_address":"string","packet_filter_id":"string","upstream":"string","user_ip_address":"string"}]],"description_kind":"plain","computed":true},"private_host_id":{"type":"string","description":"The id of the private host which the server is assigned","description_kind":"plain","computed":true},"private_host_name":{"type":"string","description":"The name of the private host which the server is assigned","description_kind":"plain","computed":true},"tags":{"type":["set","string"],"description":"Any tags assigned to the Server","description_kind":"plain","computed":true},"zone":{"type":"string","description":"The name of zone that the Server is in (e.g. `is1a`, `tk1a`)","description_kind":"plain","optional":true,"computed":true}},"block_types":{"filter":{"nesting_mode":"list","block":{"attributes":{"id":{"type":"string","description":"The resource id on SakuraCloud used for filtering","description_kind":"plain","optional":true},"names":{"type":["list","string"],"description":"The resource names on SakuraCloud used for filtering. If multiple values ​​are specified, they combined as AND condition","description_kind":"plain","optional":true},"tags":{"type":["set","string"],"description":"The resource tags on SakuraCloud used for filtering. If multiple values ​​are specified, they combined as AND condition","description_kind":"plain","optional":true}},"block_types":{"condition":{"nesting_mode":"list","block":{"attributes":{"name":{"type":"string","description":"The name of the target field. This value is case-sensitive","description_kind":"plain","required":true},"values":{"type":["list","string"],"description":"The values of the condition. If multiple values ​​are specified, they combined as AND condition","description_kind":"plain","required":true}},"description_kind":"plain"}}},"description_kind":"plain"},"max_items":1}},"description_kind":"plain"}},"sakuracloud_server_vnc_info":{"version":0,"block":{"attributes":{"host":{"type":"string","description":"The host name for connecting by VNC","description_kind":"plain","computed":true},"id":{"type":"string","description_kind":"plain","optional":true,"computed":true},"password":{"type":"string","description":"The password for connecting by VNC","description_kind":"plain","computed":true,"sensitive":true},"port":{"type":"number","description":"The port number for connecting by VNC","description_kind":"plain","computed":true},"server_id":{"type":"string","description":"The id of the Server","description_kind":"plain","required":true},"zone":{"type":"string","description":"The name of zone that the Server VNC Information is in (e.g. `is1a`, `tk1a`)","description_kind":"plain","optional":true,"computed":true}},"description_kind":"plain"}},"sakuracloud_simple_monitor":{"version":0,"block":{"attributes":{"delay_loop":{"type":"number","description":"The interval in seconds between checks","description_kind":"plain","computed":true},"description":{"type":"string","description":"The description of the SimpleMonitor","description_kind":"plain","computed":true},"enabled":{"type":"bool","description":"The flag to enable monitoring by the simple monitor","description_kind":"plain","computed":true},"health_check":{"type":["list",["object",{"community":"string","excepcted_data":"string","host_header":"string","oid":"string","password":"string","path":"string","port":"number","protocol":"string","qname":"string","remaining_days":"number","sni":"bool","snmp_version":"string","status":"number","username":"string"}]],"description_kind":"plain","computed":true},"icon_id":{"type":"string","description":"The icon id attached to the SimpleMonitor","description_kind":"plain","computed":true},"id":{"type":"string","description_kind":"plain","optional":true,"computed":true},"notify_email_enabled":{"type":"bool","description":"The flag to enable notification by email","description_kind":"plain","computed":true},"notify_email_html":{"type":"bool","description":"The flag to enable HTML format instead of text format","description_kind":"plain","computed":true},"notify_interval":{"type":"number","description":"The interval in hours between notification","description_kind":"plain","computed":true},"notify_slack_enabled":{"type":"bool","description":"The flag to enable notification by slack/discord","description_kind":"plain","computed":true},"notify_slack_webhook":{"type":"string","description":"The webhook URL for sending notification by slack/discord","description_kind":"plain","computed":true},"tags":{"type":["set","string"],"description":"Any tags assigned to the SimpleMonitor","description_kind":"plain","computed":true},"target":{"type":"string","description":"The monitoring target of the simple monitor. This will be IP address or FQDN","description_kind":"plain","computed":true}},"block_types":{"filter":{"nesting_mode":"list","block":{"attributes":{"id":{"type":"string","description":"The resource id on SakuraCloud used for filtering","description_kind":"plain","optional":true},"names":{"type":["list","string"],"description":"The resource names on SakuraCloud used for filtering. If multiple values ​​are specified, they combined as AND condition","description_kind":"plain","optional":true},"tags":{"type":["set","string"],"description":"The resource tags on SakuraCloud used for filtering. If multiple values ​​are specified, they combined as AND condition","description_kind":"plain","optional":true}},"block_types":{"condition":{"nesting_mode":"list","block":{"attributes":{"name":{"type":"string","description":"The name of the target field. This value is case-sensitive","description_kind":"plain","required":true},"values":{"type":["list","string"],"description":"The values of the condition. If multiple values ​​are specified, they combined as AND condition","description_kind":"plain","required":true}},"description_kind":"plain"}}},"description_kind":"plain"},"max_items":1}},"description_kind":"plain"}},"sakuracloud_ssh_key":{"version":0,"block":{"attributes":{"description":{"type":"string","description":"The description of the SSHKey","description_kind":"plain","computed":true},"fingerprint":{"type":"string","description":"The fingerprint of public key","description_kind":"plain","computed":true},"id":{"type":"string","description_kind":"plain","optional":true,"computed":true},"name":{"type":"string","description":"The name of the SSHKey","description_kind":"plain","computed":true},"public_key":{"type":"string","description":"The value of public key","description_kind":"plain","computed":true}},"block_types":{"filter":{"nesting_mode":"list","block":{"attributes":{"id":{"type":"string","description":"The resource id on SakuraCloud used for filtering","description_kind":"plain","optional":true},"names":{"type":["list","string"],"description":"The resource names on SakuraCloud used for filtering. If multiple values ​​are specified, they combined as AND condition","description_kind":"plain","optional":true}},"block_types":{"condition":{"nesting_mode":"list","block":{"attributes":{"name":{"type":"string","description":"The name of the target field. This value is case-sensitive","description_kind":"plain","required":true},"values":{"type":["list","string"],"description":"The values of the condition. If multiple values ​​are specified, they combined as AND condition","description_kind":"plain","required":true}},"description_kind":"plain"}}},"description_kind":"plain"},"max_items":1}},"description_kind":"plain"}},"sakuracloud_subnet":{"version":0,"block":{"attributes":{"id":{"type":"string","description_kind":"plain","optional":true,"computed":true},"index":{"type":"number","description":"The index of the subnet in assigned to the Switch+Router","description_kind":"plain","required":true},"internet_id":{"type":"string","description":"The id of the switch+router resource that the Subnet belongs","description_kind":"plain","required":true},"ip_addresses":{"type":["list","string"],"description":"A list of assigned global address to the Subnet","description_kind":"plain","computed":true},"max_ip_address":{"type":"string","description":"Maximum IP address in assigned global addresses to the Subnet","description_kind":"plain","computed":true},"min_ip_address":{"type":"string","description":"Minimum IP address in assigned global addresses to the Subnet","description_kind":"plain","computed":true},"netmask":{"type":"number","description":"The bit length of the subnet assigned to the Subnet","description_kind":"plain","computed":true},"network_address":{"type":"string","description":"The IPv4 network address assigned to the Subnet","description_kind":"plain","computed":true},"next_hop":{"type":"string","description":"The ip address of the next-hop at the Subnet","description_kind":"plain","computed":true},"switch_id":{"type":"string","description":"The id of the switch connected from the Subnet","description_kind":"plain","computed":true},"zone":{"type":"string","description":"The name of zone that the Subnet is in (e.g. `is1a`, `tk1a`)","description_kind":"plain","optional":true,"computed":true}},"description_kind":"plain"}},"sakuracloud_switch":{"version":0,"block":{"attributes":{"bridge_id":{"type":"string","description":"The bridge id attached to the Switch","description_kind":"plain","computed":true},"description":{"type":"string","description":"The description of the Switch","description_kind":"plain","computed":true},"icon_id":{"type":"string","description":"The icon id attached to the Switch","description_kind":"plain","computed":true},"id":{"type":"string","description_kind":"plain","optional":true,"computed":true},"name":{"type":"string","description":"The name of the Switch","description_kind":"plain","computed":true},"server_ids":{"type":["list","string"],"description":"A list of server id connected to the Switch","description_kind":"plain","computed":true},"tags":{"type":["set","string"],"description":"Any tags assigned to the Switch","description_kind":"plain","computed":true},"zone":{"type":"string","description":"The name of zone that the Switch is in (e.g. `is1a`, `tk1a`)","description_kind":"plain","optional":true,"computed":true}},"block_types":{"filter":{"nesting_mode":"list","block":{"attributes":{"id":{"type":"string","description":"The resource id on SakuraCloud used for filtering","description_kind":"plain","optional":true},"names":{"type":["list","string"],"description":"The resource names on SakuraCloud used for filtering. If multiple values ​​are specified, they combined as AND condition","description_kind":"plain","optional":true},"tags":{"type":["set","string"],"description":"The resource tags on SakuraCloud used for filtering. If multiple values ​​are specified, they combined as AND condition","description_kind":"plain","optional":true}},"block_types":{"condition":{"nesting_mode":"list","block":{"attributes":{"name":{"type":"string","description":"The name of the target field. This value is case-sensitive","description_kind":"plain","required":true},"values":{"type":["list","string"],"description":"The values of the condition. If multiple values ​​are specified, they combined as AND condition","description_kind":"plain","required":true}},"description_kind":"plain"}}},"description_kind":"plain"},"max_items":1}},"description_kind":"plain"}},"sakuracloud_vpc_router":{"version":0,"block":{"attributes":{"description":{"type":"string","description":"The description of the VPCRouter","description_kind":"plain","computed":true},"dhcp_server":{"type":["list",["object",{"dns_servers":["list","string"],"interface_index":"number","range_start":"string","range_stop":"string"}]],"description_kind":"plain","computed":true},"dhcp_static_mapping":{"type":["list",["object",{"ip_address":"string","mac_address":"string"}]],"description_kind":"plain","computed":true},"firewall":{"type":["list",["object",{"direction":"string","expression":["list",["object",{"allow":"bool","description":"string","destination_network":"string","destination_port":"string","logging":"bool","protocol":"string","source_network":"string","source_port":"string"}]],"interface_index":"number"}]],"description_kind":"plain","computed":true},"icon_id":{"type":"string","description":"The icon id attached to the VPCRouter","description_kind":"plain","computed":true},"id":{"type":"string","description_kind":"plain","optional":true,"computed":true},"internet_connection":{"type":"bool","description":"The flag to enable connecting to the Internet from the VPC Router","description_kind":"plain","computed":true},"l2tp":{"type":["list",["object",{"pre_shared_secret":"string","range_start":"string","range_stop":"string"}]],"description_kind":"plain","computed":true},"name":{"type":"string","description":"The id of the switch connected from the VPCRouter","description_kind":"plain","computed":true},"plan":{"type":"string","description":"The plan name of the VPCRouter. This will be one of [`standard`/`premium`/`highspec`/`highspec4000`]","description_kind":"plain","computed":true},"port_forwarding":{"type":["list",["object",{"description":"string","private_ip":"string","private_port":"number","protocol":"string","public_port":"number"}]],"description":"A list of `port_forwarding` blocks as defined below. This represents a `Reverse NAT`","description_kind":"plain","computed":true},"pptp":{"type":["list",["object",{"range_start":"string","range_stop":"string"}]],"description_kind":"plain","computed":true},"private_network_interface":{"type":["list",["object",{"index":"number","ip_addresses":["list","string"],"netmask":"number","switch_id":"string","vip":"string"}]],"description":"A list of additional network interface setting. This doesn't include primary network interface setting","description_kind":"plain","computed":true},"public_ip":{"type":"string","description":"The public ip address of the VPC Router","description_kind":"plain","computed":true},"public_netmask":{"type":"number","description":"The bit length of the subnet to assign to the public network interface","description_kind":"plain","computed":true},"public_network_interface":{"type":["list",["object",{"aliases":["list","string"],"ip_addresses":["list","string"],"switch_id":"string","vip":"string","vrid":"number"}]],"description":"A list of additional network interface setting. This doesn't include primary network interface setting","description_kind":"plain","computed":true},"site_to_site_vpn":{"type":["list",["object",{"local_prefix":["set","string"],"peer":"string","pre_shared_secret":"string","remote_id":"string","routes":["set","string"]}]],"description_kind":"plain","computed":true},"static_nat":{"type":["list",["object",{"description":"string","private_ip":"string","public_ip":"string"}]],"description":"A list of `static_nat` blocks as defined below. This represents a `1:1 NAT`, doing static mapping to both send/receive to/from the Internet. This is only used when `plan` is not `standard`","description_kind":"plain","computed":true},"static_route":{"type":["list",["object",{"next_hop":"string","prefix":"string"}]],"description_kind":"plain","computed":true},"syslog_host":{"type":"string","description":"The ip address of the syslog host to which the VPC Router sends logs","description_kind":"plain","computed":true},"tags":{"type":["set","string"],"description":"Any tags assigned to the VPCRouter","description_kind":"plain","computed":true},"user":{"type":["list",["object",{"name":"string","password":"string"}]],"description_kind":"plain","computed":true},"zone":{"type":"string","description":"The name of zone that the VPCRouter is in (e.g. `is1a`, `tk1a`)","description_kind":"plain","optional":true,"computed":true}},"block_types":{"filter":{"nesting_mode":"list","block":{"attributes":{"id":{"type":"string","description":"The resource id on SakuraCloud used for filtering","description_kind":"plain","optional":true},"names":{"type":["list","string"],"description":"The resource names on SakuraCloud used for filtering. If multiple values ​​are specified, they combined as AND condition","description_kind":"plain","optional":true},"tags":{"type":["set","string"],"description":"The resource tags on SakuraCloud used for filtering. If multiple values ​​are specified, they combined as AND condition","description_kind":"plain","optional":true}},"block_types":{"condition":{"nesting_mode":"list","block":{"attributes":{"name":{"type":"string","description":"The name of the target field. This value is case-sensitive","description_kind":"plain","required":true},"values":{"type":["list","string"],"description":"The values of the condition. If multiple values ​​are specified, they combined as AND condition","description_kind":"plain","required":true}},"description_kind":"plain"}}},"description_kind":"plain"},"max_items":1}},"description_kind":"plain"}},"sakuracloud_zone":{"version":0,"block":{"attributes":{"description":{"type":"string","description":"The description of the zone","description_kind":"plain","computed":true},"dns_servers":{"type":["list","string"],"description":"A list of IP address of DNS server in the zone","description_kind":"plain","computed":true},"id":{"type":"string","description_kind":"plain","optional":true,"computed":true},"name":{"type":"string","description":"The name of the zone (e.g. `is1a`,`tk1a`)","description_kind":"plain","optional":true,"computed":true},"region_id":{"type":"string","description":"The id of the region that the zone belongs","description_kind":"plain","computed":true},"region_name":{"type":"string","description":"The name of the region that the zone belongs","description_kind":"plain","computed":true},"zone_id":{"type":"string","description":"The id of the zone","description_kind":"plain","computed":true}},"description_kind":"plain"}}}}}}
