{"format_version":"0.1","provider_schemas":{"registry.terraform.io/sapcc/ccloud":{"provider":{"version":0,"block":{"attributes":{"application_credential_id":{"type":"string","description":"Application Credential ID to login with.","description_kind":"plain","optional":true},"application_credential_name":{"type":"string","description":"Application Credential name to login with.","description_kind":"plain","optional":true},"application_credential_secret":{"type":"string","description":"Application Credential secret to login with.","description_kind":"plain","optional":true},"auth_url":{"type":"string","description":"The Identity authentication URL.","description_kind":"plain","optional":true},"cacert_file":{"type":"string","description":"A Custom CA certificate.","description_kind":"plain","optional":true},"cert":{"type":"string","description":"A client certificate to authenticate with.","description_kind":"plain","optional":true},"cloud":{"type":"string","description":"An entry in a `clouds.yaml` file to use.","description_kind":"plain","optional":true},"default_domain":{"type":"string","description":"The name of the Domain ID to scope to if no other domain is specified. Defaults to `default` (Identity v3).","description_kind":"plain","optional":true},"delayed_auth":{"type":"bool","description":"If set to `true`, OpenStack authorization will be perfomed,\nwhen the service provider client is called.","description_kind":"plain","optional":true},"disable_no_cache_header":{"type":"bool","description":"If set to `true`, the HTTP `Cache-Control: no-cache` header will not be added by default to all API requests.","description_kind":"plain","optional":true},"domain_id":{"type":"string","description":"The ID of the Domain to scope to (Identity v3).","description_kind":"plain","optional":true},"domain_name":{"type":"string","description":"The name of the Domain to scope to (Identity v3).","description_kind":"plain","optional":true},"endpoint_overrides":{"type":["map","string"],"description":"A map of services with an endpoint to override what was\nfrom the Keystone catalog","description_kind":"plain","optional":true},"endpoint_type":{"type":"string","description_kind":"plain","optional":true},"insecure":{"type":"bool","description":"Trust self-signed certificates.","description_kind":"plain","optional":true},"key":{"type":"string","description":"A client private key to authenticate with.","description_kind":"plain","optional":true},"max_retries":{"type":"number","description":"How many times HTTP connection should be retried until giving up.","description_kind":"plain","optional":true},"password":{"type":"string","description":"Password to login with.","description_kind":"plain","optional":true,"sensitive":true},"project_domain_id":{"type":"string","description":"The ID of the domain where the proejct resides (Identity v3).","description_kind":"plain","optional":true},"project_domain_name":{"type":"string","description":"The name of the domain where the project resides (Identity v3).","description_kind":"plain","optional":true},"region":{"type":"string","description":"The OpenStack region to connect to.","description_kind":"plain","optional":true},"tenant_id":{"type":"string","description":"The ID of the Tenant (Identity v2) or Project (Identity v3)\nto login with.","description_kind":"plain","optional":true},"tenant_name":{"type":"string","description":"The name of the Tenant (Identity v2) or Project (Identity v3)\nto login with.","description_kind":"plain","optional":true},"token":{"type":"string","description":"Authentication token to use as an alternative to username/password.","description_kind":"plain","optional":true},"user_domain_id":{"type":"string","description":"The ID of the domain where the user resides (Identity v3).","description_kind":"plain","optional":true},"user_domain_name":{"type":"string","description":"The name of the domain where the user resides (Identity v3).","description_kind":"plain","optional":true},"user_id":{"type":"string","description":"Username to login with.","description_kind":"plain","optional":true},"user_name":{"type":"string","description":"Username to login with.","description_kind":"plain","optional":true}},"description_kind":"plain"}},"resource_schemas":{"ccloud_arc_agent_bootstrap_v1":{"version":0,"block":{"attributes":{"id":{"type":"string","description_kind":"plain","optional":true,"computed":true},"raw_map":{"type":["map","string"],"description_kind":"plain","computed":true},"region":{"type":"string","description_kind":"plain","optional":true,"computed":true},"triggers":{"type":["map","string"],"description_kind":"plain","optional":true},"type":{"type":"string","description_kind":"plain","optional":true},"user_data":{"type":"string","description_kind":"plain","computed":true}},"description_kind":"plain"}},"ccloud_arc_agent_v1":{"version":0,"block":{"attributes":{"agent_id":{"type":"string","description_kind":"plain","optional":true,"computed":true},"all_tags":{"type":["map","string"],"description_kind":"plain","computed":true},"created_at":{"type":"string","description_kind":"plain","computed":true},"display_name":{"type":"string","description_kind":"plain","computed":true},"facts":{"type":["map","string"],"description_kind":"plain","computed":true},"facts_agents":{"type":["map","string"],"description_kind":"plain","computed":true},"filter":{"type":"string","description_kind":"plain","optional":true},"force_delete":{"type":"bool","description_kind":"plain","optional":true},"id":{"type":"string","description_kind":"plain","optional":true,"computed":true},"organization":{"type":"string","description_kind":"plain","computed":true},"project":{"type":"string","description_kind":"plain","computed":true},"region":{"type":"string","description_kind":"plain","optional":true,"computed":true},"tags":{"type":["map","string"],"description_kind":"plain","optional":true},"updated_at":{"type":"string","description_kind":"plain","computed":true},"updated_by":{"type":"string","description_kind":"plain","computed":true},"updated_with":{"type":"string","description_kind":"plain","computed":true}},"block_types":{"timeouts":{"nesting_mode":"single","block":{"attributes":{"create":{"type":"string","description_kind":"plain","optional":true},"delete":{"type":"string","description_kind":"plain","optional":true}},"description_kind":"plain"}}},"description_kind":"plain"}},"ccloud_arc_job_v1":{"version":0,"block":{"attributes":{"action":{"type":"string","description_kind":"plain","computed":true},"agent":{"type":"string","description_kind":"plain","computed":true},"agent_id":{"type":"string","description_kind":"plain","computed":true},"created_at":{"type":"string","description_kind":"plain","computed":true},"id":{"type":"string","description_kind":"plain","optional":true,"computed":true},"log":{"type":"string","description_kind":"plain","computed":true,"sensitive":true},"payload":{"type":"string","description_kind":"plain","computed":true,"sensitive":true},"project":{"type":"string","description_kind":"plain","computed":true},"region":{"type":"string","description_kind":"plain","optional":true,"computed":true},"sender":{"type":"string","description_kind":"plain","computed":true},"status":{"type":"string","description_kind":"plain","computed":true},"timeout":{"type":"number","description_kind":"plain","optional":true},"to":{"type":"string","description_kind":"plain","required":true},"triggers":{"type":["map","string"],"description_kind":"plain","optional":true},"updated_at":{"type":"string","description_kind":"plain","computed":true},"user":{"type":["list",["object",{"domain_id":"string","domain_name":"string","id":"string","name":"string","roles":["list","string"]}]],"description_kind":"plain","computed":true},"version":{"type":"number","description_kind":"plain","computed":true}},"block_types":{"chef":{"nesting_mode":"list","block":{"block_types":{"enable":{"nesting_mode":"list","block":{"attributes":{"chef_version":{"type":"string","description_kind":"plain","optional":true},"omnitruck_url":{"type":"string","description_kind":"plain","optional":true}},"description_kind":"plain"},"max_items":1},"zero":{"nesting_mode":"list","block":{"attributes":{"attributes":{"type":"string","description_kind":"plain","optional":true},"chef_version":{"type":"string","description_kind":"plain","optional":true},"debug":{"type":"bool","description_kind":"plain","optional":true},"node_name":{"type":"string","description_kind":"plain","optional":true},"nodes":{"type":"string","description_kind":"plain","optional":true},"omnitruck_url":{"type":"string","description_kind":"plain","optional":true},"recipe_url":{"type":"string","description_kind":"plain","required":true},"run_list":{"type":["list","string"],"description_kind":"plain","required":true}},"description_kind":"plain"},"max_items":1}},"description_kind":"plain"},"max_items":1},"execute":{"nesting_mode":"list","block":{"attributes":{"script":{"type":"string","description_kind":"plain","optional":true}},"block_types":{"tarball":{"nesting_mode":"list","block":{"attributes":{"arguments":{"type":["list","string"],"description_kind":"plain","optional":true},"environment":{"type":["map","string"],"description_kind":"plain","optional":true},"path":{"type":"string","description_kind":"plain","required":true},"url":{"type":"string","description_kind":"plain","required":true}},"description_kind":"plain"},"max_items":1}},"description_kind":"plain"},"max_items":1},"timeouts":{"nesting_mode":"single","block":{"attributes":{"create":{"type":"string","description_kind":"plain","optional":true}},"description_kind":"plain"}}},"description_kind":"plain"}},"ccloud_automation_run_v1":{"version":0,"block":{"attributes":{"automation_attributes":{"type":"string","description_kind":"plain","computed":true},"automation_id":{"type":"string","description_kind":"plain","required":true},"automation_name":{"type":"string","description_kind":"plain","computed":true},"created_at":{"type":"string","description_kind":"plain","computed":true},"id":{"type":"string","description_kind":"plain","optional":true,"computed":true},"jobs":{"type":["list","string"],"description_kind":"plain","computed":true},"log":{"type":"string","description_kind":"plain","computed":true,"sensitive":true},"owner":{"type":["list",["object",{"domain_id":"string","domain_name":"string","id":"string","name":"string"}]],"description_kind":"plain","computed":true},"project_id":{"type":"string","description_kind":"plain","computed":true},"region":{"type":"string","description_kind":"plain","optional":true,"computed":true},"repository":{"type":"string","description_kind":"plain","deprecated":true,"computed":true},"repository_revision":{"type":"string","description_kind":"plain","computed":true},"selector":{"type":"string","description_kind":"plain","required":true},"state":{"type":"string","description_kind":"plain","computed":true},"triggers":{"type":["map","string"],"description_kind":"plain","optional":true},"updated_at":{"type":"string","description_kind":"plain","computed":true}},"block_types":{"timeouts":{"nesting_mode":"single","block":{"attributes":{"create":{"type":"string","description_kind":"plain","optional":true}},"description_kind":"plain"}}},"description_kind":"plain"}},"ccloud_automation_v1":{"version":0,"block":{"attributes":{"arguments":{"type":["list","string"],"description_kind":"plain","optional":true},"chef_attributes":{"type":"string","description_kind":"plain","optional":true},"chef_version":{"type":"string","description_kind":"plain","optional":true},"created_at":{"type":"string","description_kind":"plain","computed":true},"debug":{"type":"bool","description_kind":"plain","optional":true},"environment":{"type":["map","string"],"description_kind":"plain","optional":true},"id":{"type":"string","description_kind":"plain","optional":true,"computed":true},"log_level":{"type":"string","description_kind":"plain","deprecated":true,"optional":true},"name":{"type":"string","description_kind":"plain","required":true},"path":{"type":"string","description_kind":"plain","optional":true},"project_id":{"type":"string","description_kind":"plain","computed":true},"region":{"type":"string","description_kind":"plain","optional":true,"computed":true},"repository":{"type":"string","description_kind":"plain","required":true},"repository_revision":{"type":"string","description_kind":"plain","optional":true},"run_list":{"type":["list","string"],"description_kind":"plain","optional":true},"tags":{"type":["map","string"],"description_kind":"plain","deprecated":true,"optional":true},"timeout":{"type":"number","description_kind":"plain","optional":true,"computed":true},"type":{"type":"string","description_kind":"plain","required":true},"updated_at":{"type":"string","description_kind":"plain","computed":true}},"description_kind":"plain"}},"ccloud_billing_domain_masterdata":{"version":0,"block":{"attributes":{"additional_information":{"type":"string","description_kind":"plain","optional":true,"computed":true},"changed_at":{"type":"string","description_kind":"plain","computed":true},"changed_by":{"type":"string","description_kind":"plain","computed":true},"collector":{"type":"string","description_kind":"plain","optional":true,"computed":true},"created_at":{"type":"string","description_kind":"plain","computed":true},"description":{"type":"string","description_kind":"plain","optional":true,"computed":true},"domain_id":{"type":"string","description_kind":"plain","optional":true,"computed":true},"domain_name":{"type":"string","description_kind":"plain","optional":true,"computed":true},"id":{"type":"string","description_kind":"plain","optional":true,"computed":true},"is_complete":{"type":"bool","description_kind":"plain","computed":true},"missing_attributes":{"type":"string","description_kind":"plain","computed":true},"region":{"type":"string","description_kind":"plain","optional":true,"computed":true},"responsible_controller_email":{"type":"string","description_kind":"plain","optional":true,"computed":true},"responsible_controller_id":{"type":"string","description_kind":"plain","optional":true,"computed":true},"responsible_primary_contact_email":{"type":"string","description_kind":"plain","required":true},"responsible_primary_contact_id":{"type":"string","description_kind":"plain","required":true}},"block_types":{"cost_object":{"nesting_mode":"list","block":{"attributes":{"name":{"type":"string","description_kind":"plain","optional":true},"projects_can_inherit":{"type":"bool","description_kind":"plain","optional":true},"type":{"type":"string","description_kind":"plain","optional":true}},"description_kind":"plain"},"max_items":1}},"description_kind":"plain"}},"ccloud_billing_project_masterdata":{"version":0,"block":{"attributes":{"additional_information":{"type":"string","description_kind":"plain","optional":true,"computed":true},"business_criticality":{"type":"string","description_kind":"plain","optional":true,"computed":true},"changed_at":{"type":"string","description_kind":"plain","computed":true},"changed_by":{"type":"string","description_kind":"plain","computed":true},"collector":{"type":"string","description_kind":"plain","computed":true},"created_at":{"type":"string","description_kind":"plain","computed":true},"description":{"type":"string","description_kind":"plain","optional":true,"computed":true},"domain_id":{"type":"string","description_kind":"plain","optional":true,"computed":true},"domain_name":{"type":"string","description_kind":"plain","optional":true,"computed":true},"id":{"type":"string","description_kind":"plain","optional":true,"computed":true},"is_complete":{"type":"bool","description_kind":"plain","computed":true},"missing_attributes":{"type":"string","description_kind":"plain","computed":true},"number_of_endusers":{"type":"number","description_kind":"plain","optional":true,"computed":true},"parent_id":{"type":"string","description_kind":"plain","optional":true,"computed":true},"project_id":{"type":"string","description_kind":"plain","optional":true,"computed":true},"project_name":{"type":"string","description_kind":"plain","optional":true,"computed":true},"project_type":{"type":"string","description_kind":"plain","optional":true,"computed":true},"region":{"type":"string","description_kind":"plain","optional":true,"computed":true},"responsible_controller_email":{"type":"string","description_kind":"plain","optional":true,"computed":true},"responsible_controller_id":{"type":"string","description_kind":"plain","optional":true,"computed":true},"responsible_operator_email":{"type":"string","description_kind":"plain","optional":true,"computed":true},"responsible_operator_id":{"type":"string","description_kind":"plain","optional":true,"computed":true},"responsible_primary_contact_email":{"type":"string","description_kind":"plain","required":true},"responsible_primary_contact_id":{"type":"string","description_kind":"plain","required":true},"responsible_product_owner_email":{"type":"string","description_kind":"plain","optional":true,"computed":true},"responsible_product_owner_id":{"type":"string","description_kind":"plain","optional":true,"computed":true},"responsible_security_expert_email":{"type":"string","description_kind":"plain","optional":true,"computed":true},"responsible_security_expert_id":{"type":"string","description_kind":"plain","optional":true,"computed":true},"revenue_relevance":{"type":"string","description_kind":"plain","optional":true,"computed":true}},"block_types":{"cost_object":{"nesting_mode":"list","block":{"attributes":{"inherited":{"type":"bool","description_kind":"plain","optional":true},"name":{"type":"string","description_kind":"plain","optional":true,"computed":true},"type":{"type":"string","description_kind":"plain","optional":true,"computed":true}},"description_kind":"plain"},"max_items":1}},"description_kind":"plain"}},"ccloud_domain_quota_v1":{"version":1,"block":{"attributes":{"domain_id":{"type":"string","description_kind":"plain","required":true},"id":{"type":"string","description_kind":"plain","optional":true,"computed":true},"region":{"type":"string","description_kind":"plain","optional":true,"computed":true}},"block_types":{"compute":{"nesting_mode":"list","block":{"attributes":{"cores":{"type":"number","description_kind":"plain","optional":true,"computed":true},"instances":{"type":"number","description_kind":"plain","optional":true,"computed":true},"ram":{"type":"number","description_kind":"plain","optional":true,"computed":true},"server_group_members":{"type":"number","description_kind":"plain","optional":true,"computed":true},"server_groups":{"type":"number","description_kind":"plain","optional":true,"computed":true}},"description_kind":"plain"},"max_items":1},"database":{"nesting_mode":"list","block":{"attributes":{"cfm_share_capacity":{"type":"number","description_kind":"plain","optional":true,"computed":true}},"description_kind":"plain"},"max_items":1},"dns":{"nesting_mode":"list","block":{"attributes":{"recordsets":{"type":"number","description_kind":"plain","optional":true,"computed":true},"zones":{"type":"number","description_kind":"plain","optional":true,"computed":true}},"description_kind":"plain"},"max_items":1},"network":{"nesting_mode":"list","block":{"attributes":{"floating_ips":{"type":"number","description_kind":"plain","optional":true,"computed":true},"healthmonitors":{"type":"number","description_kind":"plain","optional":true,"computed":true},"l7policies":{"type":"number","description_kind":"plain","optional":true,"computed":true},"listeners":{"type":"number","description_kind":"plain","optional":true,"computed":true},"loadbalancers":{"type":"number","description_kind":"plain","optional":true,"computed":true},"networks":{"type":"number","description_kind":"plain","optional":true,"computed":true},"pool_members":{"type":"number","description_kind":"plain","optional":true,"computed":true},"pools":{"type":"number","description_kind":"plain","optional":true,"computed":true},"ports":{"type":"number","description_kind":"plain","optional":true,"computed":true},"rbac_policies":{"type":"number","description_kind":"plain","optional":true,"computed":true},"routers":{"type":"number","description_kind":"plain","optional":true,"computed":true},"security_group_rules":{"type":"number","description_kind":"plain","optional":true,"computed":true},"security_groups":{"type":"number","description_kind":"plain","optional":true,"computed":true},"subnet_pools":{"type":"number","description_kind":"plain","optional":true,"computed":true},"subnets":{"type":"number","description_kind":"plain","optional":true,"computed":true}},"description_kind":"plain"},"max_items":1},"objectstore":{"nesting_mode":"list","block":{"attributes":{"capacity":{"type":"number","description_kind":"plain","optional":true,"computed":true}},"description_kind":"plain"},"max_items":1},"sharev2":{"nesting_mode":"list","block":{"attributes":{"share_capacity":{"type":"number","description_kind":"plain","optional":true,"computed":true},"share_networks":{"type":"number","description_kind":"plain","optional":true,"computed":true},"share_snapshots":{"type":"number","description_kind":"plain","optional":true,"computed":true},"shares":{"type":"number","description_kind":"plain","optional":true,"computed":true},"snapshot_capacity":{"type":"number","description_kind":"plain","optional":true,"computed":true}},"description_kind":"plain"},"max_items":1},"volumev2":{"nesting_mode":"list","block":{"attributes":{"capacity":{"type":"number","description_kind":"plain","optional":true,"computed":true},"snapshots":{"type":"number","description_kind":"plain","optional":true,"computed":true},"volumes":{"type":"number","description_kind":"plain","optional":true,"computed":true}},"description_kind":"plain"},"max_items":1}},"description_kind":"plain"}},"ccloud_kubernetes":{"version":1,"block":{"attributes":{"advertise_address":{"type":"string","description_kind":"plain","optional":true,"computed":true},"advertise_port":{"type":"number","description_kind":"plain","optional":true,"computed":true},"backup":{"type":"string","description_kind":"plain","optional":true,"computed":true},"cluster_cidr":{"type":"string","description_kind":"plain","optional":true},"dashboard":{"type":"bool","description_kind":"plain","optional":true},"dex":{"type":"bool","description_kind":"plain","optional":true},"dns_address":{"type":"string","description_kind":"plain","optional":true,"computed":true},"dns_domain":{"type":"string","description_kind":"plain","optional":true,"computed":true},"id":{"type":"string","description_kind":"plain","optional":true,"computed":true},"is_admin":{"type":"bool","description_kind":"plain","optional":true},"kube_config":{"type":["list",["object",{"client_certificate":"string","client_key":"string","cluster_ca_certificate":"string","host":"string","not_after":"string","not_before":"string","username":"string"}]],"description_kind":"plain","computed":true,"sensitive":true},"kube_config_raw":{"type":"string","description_kind":"plain","computed":true,"sensitive":true},"name":{"type":"string","description_kind":"plain","required":true},"no_cloud":{"type":"bool","description_kind":"plain","optional":true},"phase":{"type":"string","description_kind":"plain","computed":true},"region":{"type":"string","description_kind":"plain","optional":true,"computed":true},"service_cidr":{"type":"string","description_kind":"plain","optional":true,"computed":true},"ssh_public_key":{"type":"string","description_kind":"plain","optional":true},"version":{"type":"string","description_kind":"plain","optional":true,"computed":true},"wormhole":{"type":"string","description_kind":"plain","computed":true}},"block_types":{"node_pools":{"nesting_mode":"list","block":{"attributes":{"availability_zone":{"type":"string","description_kind":"plain","optional":true,"computed":true},"flavor":{"type":"string","description_kind":"plain","required":true},"image":{"type":"string","description_kind":"plain","optional":true,"computed":true},"labels":{"type":["list","string"],"description_kind":"plain","optional":true},"name":{"type":"string","description_kind":"plain","required":true},"size":{"type":"number","description_kind":"plain","optional":true},"taints":{"type":["list","string"],"description_kind":"plain","optional":true}},"block_types":{"config":{"nesting_mode":"list","block":{"attributes":{"allow_reboot":{"type":"bool","description_kind":"plain","optional":true,"computed":true},"allow_replace":{"type":"bool","description_kind":"plain","optional":true,"computed":true}},"description_kind":"plain"},"max_items":1}},"description_kind":"plain"}},"openstack":{"nesting_mode":"list","block":{"attributes":{"lb_floating_network_id":{"type":"string","description_kind":"plain","optional":true,"computed":true},"lb_subnet_id":{"type":"string","description_kind":"plain","optional":true,"computed":true},"network_id":{"type":"string","description_kind":"plain","optional":true,"computed":true},"router_id":{"type":"string","description_kind":"plain","optional":true,"computed":true},"security_group_name":{"type":"string","description_kind":"plain","optional":true,"computed":true}},"description_kind":"plain"},"max_items":1},"timeouts":{"nesting_mode":"single","block":{"attributes":{"create":{"type":"string","description_kind":"plain","optional":true},"delete":{"type":"string","description_kind":"plain","optional":true},"update":{"type":"string","description_kind":"plain","optional":true}},"description_kind":"plain"}}},"description_kind":"plain"}},"ccloud_kubernetes_v1":{"version":1,"block":{"attributes":{"advertise_address":{"type":"string","description_kind":"plain","optional":true,"computed":true},"advertise_port":{"type":"number","description_kind":"plain","optional":true,"computed":true},"backup":{"type":"string","description_kind":"plain","optional":true,"computed":true},"cluster_cidr":{"type":"string","description_kind":"plain","optional":true},"dashboard":{"type":"bool","description_kind":"plain","optional":true},"dex":{"type":"bool","description_kind":"plain","optional":true},"dns_address":{"type":"string","description_kind":"plain","optional":true,"computed":true},"dns_domain":{"type":"string","description_kind":"plain","optional":true,"computed":true},"id":{"type":"string","description_kind":"plain","optional":true,"computed":true},"is_admin":{"type":"bool","description_kind":"plain","optional":true},"kube_config":{"type":["list",["object",{"client_certificate":"string","client_key":"string","cluster_ca_certificate":"string","host":"string","not_after":"string","not_before":"string","username":"string"}]],"description_kind":"plain","computed":true,"sensitive":true},"kube_config_raw":{"type":"string","description_kind":"plain","computed":true,"sensitive":true},"name":{"type":"string","description_kind":"plain","required":true},"no_cloud":{"type":"bool","description_kind":"plain","optional":true},"phase":{"type":"string","description_kind":"plain","computed":true},"region":{"type":"string","description_kind":"plain","optional":true,"computed":true},"service_cidr":{"type":"string","description_kind":"plain","optional":true,"computed":true},"ssh_public_key":{"type":"string","description_kind":"plain","optional":true},"version":{"type":"string","description_kind":"plain","optional":true,"computed":true},"wormhole":{"type":"string","description_kind":"plain","computed":true}},"block_types":{"node_pools":{"nesting_mode":"list","block":{"attributes":{"availability_zone":{"type":"string","description_kind":"plain","optional":true,"computed":true},"flavor":{"type":"string","description_kind":"plain","required":true},"image":{"type":"string","description_kind":"plain","optional":true,"computed":true},"labels":{"type":["list","string"],"description_kind":"plain","optional":true},"name":{"type":"string","description_kind":"plain","required":true},"size":{"type":"number","description_kind":"plain","optional":true},"taints":{"type":["list","string"],"description_kind":"plain","optional":true}},"block_types":{"config":{"nesting_mode":"list","block":{"attributes":{"allow_reboot":{"type":"bool","description_kind":"plain","optional":true,"computed":true},"allow_replace":{"type":"bool","description_kind":"plain","optional":true,"computed":true}},"description_kind":"plain"},"max_items":1}},"description_kind":"plain"}},"openstack":{"nesting_mode":"list","block":{"attributes":{"lb_floating_network_id":{"type":"string","description_kind":"plain","optional":true,"computed":true},"lb_subnet_id":{"type":"string","description_kind":"plain","optional":true,"computed":true},"network_id":{"type":"string","description_kind":"plain","optional":true,"computed":true},"router_id":{"type":"string","description_kind":"plain","optional":true,"computed":true},"security_group_name":{"type":"string","description_kind":"plain","optional":true,"computed":true}},"description_kind":"plain"},"max_items":1},"timeouts":{"nesting_mode":"single","block":{"attributes":{"create":{"type":"string","description_kind":"plain","optional":true},"delete":{"type":"string","description_kind":"plain","optional":true},"update":{"type":"string","description_kind":"plain","optional":true}},"description_kind":"plain"}}},"description_kind":"plain"}},"ccloud_project_quota_v1":{"version":1,"block":{"attributes":{"domain_id":{"type":"string","description_kind":"plain","required":true},"id":{"type":"string","description_kind":"plain","optional":true,"computed":true},"project_id":{"type":"string","description_kind":"plain","required":true},"region":{"type":"string","description_kind":"plain","optional":true,"computed":true}},"block_types":{"compute":{"nesting_mode":"list","block":{"attributes":{"cores":{"type":"number","description_kind":"plain","optional":true,"computed":true},"instances":{"type":"number","description_kind":"plain","optional":true,"computed":true},"ram":{"type":"number","description_kind":"plain","optional":true,"computed":true},"server_group_members":{"type":"number","description_kind":"plain","optional":true,"computed":true},"server_groups":{"type":"number","description_kind":"plain","optional":true,"computed":true}},"description_kind":"plain"},"max_items":1},"database":{"nesting_mode":"list","block":{"attributes":{"cfm_share_capacity":{"type":"number","description_kind":"plain","optional":true,"computed":true}},"description_kind":"plain"},"max_items":1},"dns":{"nesting_mode":"list","block":{"attributes":{"recordsets":{"type":"number","description_kind":"plain","optional":true,"computed":true},"zones":{"type":"number","description_kind":"plain","optional":true,"computed":true}},"description_kind":"plain"},"max_items":1},"network":{"nesting_mode":"list","block":{"attributes":{"floating_ips":{"type":"number","description_kind":"plain","optional":true,"computed":true},"healthmonitors":{"type":"number","description_kind":"plain","optional":true,"computed":true},"l7policies":{"type":"number","description_kind":"plain","optional":true,"computed":true},"listeners":{"type":"number","description_kind":"plain","optional":true,"computed":true},"loadbalancers":{"type":"number","description_kind":"plain","optional":true,"computed":true},"networks":{"type":"number","description_kind":"plain","optional":true,"computed":true},"pool_members":{"type":"number","description_kind":"plain","optional":true,"computed":true},"pools":{"type":"number","description_kind":"plain","optional":true,"computed":true},"ports":{"type":"number","description_kind":"plain","optional":true,"computed":true},"rbac_policies":{"type":"number","description_kind":"plain","optional":true,"computed":true},"routers":{"type":"number","description_kind":"plain","optional":true,"computed":true},"security_group_rules":{"type":"number","description_kind":"plain","optional":true,"computed":true},"security_groups":{"type":"number","description_kind":"plain","optional":true,"computed":true},"subnet_pools":{"type":"number","description_kind":"plain","optional":true,"computed":true},"subnets":{"type":"number","description_kind":"plain","optional":true,"computed":true}},"description_kind":"plain"},"max_items":1},"objectstore":{"nesting_mode":"list","block":{"attributes":{"capacity":{"type":"number","description_kind":"plain","optional":true,"computed":true}},"description_kind":"plain"},"max_items":1},"sharev2":{"nesting_mode":"list","block":{"attributes":{"share_capacity":{"type":"number","description_kind":"plain","optional":true,"computed":true},"share_networks":{"type":"number","description_kind":"plain","optional":true,"computed":true},"share_snapshots":{"type":"number","description_kind":"plain","optional":true,"computed":true},"shares":{"type":"number","description_kind":"plain","optional":true,"computed":true},"snapshot_capacity":{"type":"number","description_kind":"plain","optional":true,"computed":true}},"description_kind":"plain"},"max_items":1},"timeouts":{"nesting_mode":"single","block":{"attributes":{"create":{"type":"string","description_kind":"plain","optional":true}},"description_kind":"plain"}},"volumev2":{"nesting_mode":"list","block":{"attributes":{"capacity":{"type":"number","description_kind":"plain","optional":true,"computed":true},"snapshots":{"type":"number","description_kind":"plain","optional":true,"computed":true},"volumes":{"type":"number","description_kind":"plain","optional":true,"computed":true}},"description_kind":"plain"},"max_items":1}},"description_kind":"plain"}},"ccloud_quota":{"version":1,"block":{"attributes":{"domain_id":{"type":"string","description_kind":"plain","required":true},"id":{"type":"string","description_kind":"plain","optional":true,"computed":true},"project_id":{"type":"string","description_kind":"plain","required":true},"region":{"type":"string","description_kind":"plain","optional":true,"computed":true}},"block_types":{"compute":{"nesting_mode":"list","block":{"attributes":{"cores":{"type":"number","description_kind":"plain","optional":true,"computed":true},"instances":{"type":"number","description_kind":"plain","optional":true,"computed":true},"ram":{"type":"number","description_kind":"plain","optional":true,"computed":true},"server_group_members":{"type":"number","description_kind":"plain","optional":true,"computed":true},"server_groups":{"type":"number","description_kind":"plain","optional":true,"computed":true}},"description_kind":"plain"},"max_items":1},"database":{"nesting_mode":"list","block":{"attributes":{"cfm_share_capacity":{"type":"number","description_kind":"plain","optional":true,"computed":true}},"description_kind":"plain"},"max_items":1},"dns":{"nesting_mode":"list","block":{"attributes":{"recordsets":{"type":"number","description_kind":"plain","optional":true,"computed":true},"zones":{"type":"number","description_kind":"plain","optional":true,"computed":true}},"description_kind":"plain"},"max_items":1},"network":{"nesting_mode":"list","block":{"attributes":{"floating_ips":{"type":"number","description_kind":"plain","optional":true,"computed":true},"healthmonitors":{"type":"number","description_kind":"plain","optional":true,"computed":true},"l7policies":{"type":"number","description_kind":"plain","optional":true,"computed":true},"listeners":{"type":"number","description_kind":"plain","optional":true,"computed":true},"loadbalancers":{"type":"number","description_kind":"plain","optional":true,"computed":true},"networks":{"type":"number","description_kind":"plain","optional":true,"computed":true},"pool_members":{"type":"number","description_kind":"plain","optional":true,"computed":true},"pools":{"type":"number","description_kind":"plain","optional":true,"computed":true},"ports":{"type":"number","description_kind":"plain","optional":true,"computed":true},"rbac_policies":{"type":"number","description_kind":"plain","optional":true,"computed":true},"routers":{"type":"number","description_kind":"plain","optional":true,"computed":true},"security_group_rules":{"type":"number","description_kind":"plain","optional":true,"computed":true},"security_groups":{"type":"number","description_kind":"plain","optional":true,"computed":true},"subnet_pools":{"type":"number","description_kind":"plain","optional":true,"computed":true},"subnets":{"type":"number","description_kind":"plain","optional":true,"computed":true}},"description_kind":"plain"},"max_items":1},"objectstore":{"nesting_mode":"list","block":{"attributes":{"capacity":{"type":"number","description_kind":"plain","optional":true,"computed":true}},"description_kind":"plain"},"max_items":1},"sharev2":{"nesting_mode":"list","block":{"attributes":{"share_capacity":{"type":"number","description_kind":"plain","optional":true,"computed":true},"share_networks":{"type":"number","description_kind":"plain","optional":true,"computed":true},"share_snapshots":{"type":"number","description_kind":"plain","optional":true,"computed":true},"shares":{"type":"number","description_kind":"plain","optional":true,"computed":true},"snapshot_capacity":{"type":"number","description_kind":"plain","optional":true,"computed":true}},"description_kind":"plain"},"max_items":1},"timeouts":{"nesting_mode":"single","block":{"attributes":{"create":{"type":"string","description_kind":"plain","optional":true}},"description_kind":"plain"}},"volumev2":{"nesting_mode":"list","block":{"attributes":{"capacity":{"type":"number","description_kind":"plain","optional":true,"computed":true},"snapshots":{"type":"number","description_kind":"plain","optional":true,"computed":true},"volumes":{"type":"number","description_kind":"plain","optional":true,"computed":true}},"description_kind":"plain"},"max_items":1}},"description_kind":"plain"}},"ccloud_quota_v1":{"version":1,"block":{"attributes":{"domain_id":{"type":"string","description_kind":"plain","required":true},"id":{"type":"string","description_kind":"plain","optional":true,"computed":true},"project_id":{"type":"string","description_kind":"plain","required":true},"region":{"type":"string","description_kind":"plain","optional":true,"computed":true}},"block_types":{"compute":{"nesting_mode":"list","block":{"attributes":{"cores":{"type":"number","description_kind":"plain","optional":true,"computed":true},"instances":{"type":"number","description_kind":"plain","optional":true,"computed":true},"ram":{"type":"number","description_kind":"plain","optional":true,"computed":true},"server_group_members":{"type":"number","description_kind":"plain","optional":true,"computed":true},"server_groups":{"type":"number","description_kind":"plain","optional":true,"computed":true}},"description_kind":"plain"},"max_items":1},"database":{"nesting_mode":"list","block":{"attributes":{"cfm_share_capacity":{"type":"number","description_kind":"plain","optional":true,"computed":true}},"description_kind":"plain"},"max_items":1},"dns":{"nesting_mode":"list","block":{"attributes":{"recordsets":{"type":"number","description_kind":"plain","optional":true,"computed":true},"zones":{"type":"number","description_kind":"plain","optional":true,"computed":true}},"description_kind":"plain"},"max_items":1},"network":{"nesting_mode":"list","block":{"attributes":{"floating_ips":{"type":"number","description_kind":"plain","optional":true,"computed":true},"healthmonitors":{"type":"number","description_kind":"plain","optional":true,"computed":true},"l7policies":{"type":"number","description_kind":"plain","optional":true,"computed":true},"listeners":{"type":"number","description_kind":"plain","optional":true,"computed":true},"loadbalancers":{"type":"number","description_kind":"plain","optional":true,"computed":true},"networks":{"type":"number","description_kind":"plain","optional":true,"computed":true},"pool_members":{"type":"number","description_kind":"plain","optional":true,"computed":true},"pools":{"type":"number","description_kind":"plain","optional":true,"computed":true},"ports":{"type":"number","description_kind":"plain","optional":true,"computed":true},"rbac_policies":{"type":"number","description_kind":"plain","optional":true,"computed":true},"routers":{"type":"number","description_kind":"plain","optional":true,"computed":true},"security_group_rules":{"type":"number","description_kind":"plain","optional":true,"computed":true},"security_groups":{"type":"number","description_kind":"plain","optional":true,"computed":true},"subnet_pools":{"type":"number","description_kind":"plain","optional":true,"computed":true},"subnets":{"type":"number","description_kind":"plain","optional":true,"computed":true}},"description_kind":"plain"},"max_items":1},"objectstore":{"nesting_mode":"list","block":{"attributes":{"capacity":{"type":"number","description_kind":"plain","optional":true,"computed":true}},"description_kind":"plain"},"max_items":1},"sharev2":{"nesting_mode":"list","block":{"attributes":{"share_capacity":{"type":"number","description_kind":"plain","optional":true,"computed":true},"share_networks":{"type":"number","description_kind":"plain","optional":true,"computed":true},"share_snapshots":{"type":"number","description_kind":"plain","optional":true,"computed":true},"shares":{"type":"number","description_kind":"plain","optional":true,"computed":true},"snapshot_capacity":{"type":"number","description_kind":"plain","optional":true,"computed":true}},"description_kind":"plain"},"max_items":1},"timeouts":{"nesting_mode":"single","block":{"attributes":{"create":{"type":"string","description_kind":"plain","optional":true}},"description_kind":"plain"}},"volumev2":{"nesting_mode":"list","block":{"attributes":{"capacity":{"type":"number","description_kind":"plain","optional":true,"computed":true},"snapshots":{"type":"number","description_kind":"plain","optional":true,"computed":true},"volumes":{"type":"number","description_kind":"plain","optional":true,"computed":true}},"description_kind":"plain"},"max_items":1}},"description_kind":"plain"}}},"data_source_schemas":{"ccloud_arc_agent_ids_v1":{"version":0,"block":{"attributes":{"filter":{"type":"string","description_kind":"plain","optional":true},"id":{"type":"string","description_kind":"plain","optional":true,"computed":true},"ids":{"type":["list","string"],"description_kind":"plain","computed":true},"region":{"type":"string","description_kind":"plain","optional":true,"computed":true}},"description_kind":"plain"}},"ccloud_arc_agent_v1":{"version":0,"block":{"attributes":{"agent_id":{"type":"string","description_kind":"plain","optional":true,"computed":true},"all_tags":{"type":["map","string"],"description_kind":"plain","computed":true},"created_at":{"type":"string","description_kind":"plain","computed":true},"display_name":{"type":"string","description_kind":"plain","computed":true},"facts":{"type":["map","string"],"description_kind":"plain","computed":true},"facts_agents":{"type":["map","string"],"description_kind":"plain","computed":true},"filter":{"type":"string","description_kind":"plain","optional":true},"id":{"type":"string","description_kind":"plain","optional":true,"computed":true},"organization":{"type":"string","description_kind":"plain","computed":true},"project":{"type":"string","description_kind":"plain","computed":true},"region":{"type":"string","description_kind":"plain","optional":true,"computed":true},"updated_at":{"type":"string","description_kind":"plain","computed":true},"updated_by":{"type":"string","description_kind":"plain","computed":true},"updated_with":{"type":"string","description_kind":"plain","computed":true}},"block_types":{"timeouts":{"nesting_mode":"list","block":{"attributes":{"read":{"type":"string","description_kind":"plain","optional":true}},"description_kind":"plain"},"max_items":1}},"description_kind":"plain"}},"ccloud_arc_job_ids_v1":{"version":0,"block":{"attributes":{"action":{"type":"string","description_kind":"plain","optional":true},"agent":{"type":"string","description_kind":"plain","optional":true},"agent_id":{"type":"string","description_kind":"plain","optional":true},"id":{"type":"string","description_kind":"plain","optional":true,"computed":true},"ids":{"type":["list","string"],"description_kind":"plain","computed":true},"region":{"type":"string","description_kind":"plain","optional":true,"computed":true},"status":{"type":"string","description_kind":"plain","optional":true},"timeout":{"type":"number","description_kind":"plain","optional":true}},"description_kind":"plain"}},"ccloud_arc_job_v1":{"version":0,"block":{"attributes":{"action":{"type":"string","description_kind":"plain","optional":true,"computed":true},"agent":{"type":"string","description_kind":"plain","optional":true,"computed":true},"agent_id":{"type":"string","description_kind":"plain","optional":true,"computed":true},"chef":{"type":["list",["object",{"enable":["list",["object",{"chef_version":"string","omnitruck_url":"string"}]],"zero":["list",["object",{"attributes":"string","chef_version":"string","debug":"bool","node_name":"string","nodes":"string","omnitruck_url":"string","recipe_url":"string","run_list":["list","string"]}]]}]],"description_kind":"plain","computed":true},"created_at":{"type":"string","description_kind":"plain","computed":true},"execute":{"type":["list",["object",{"script":"string","tarball":["list",["object",{"arguments":["list","string"],"environment":["map","string"],"path":"string","url":"string"}]]}]],"description_kind":"plain","computed":true},"id":{"type":"string","description_kind":"plain","optional":true,"computed":true},"job_id":{"type":"string","description_kind":"plain","optional":true,"computed":true},"log":{"type":"string","description_kind":"plain","computed":true,"sensitive":true},"payload":{"type":"string","description_kind":"plain","computed":true},"project":{"type":"string","description_kind":"plain","computed":true},"region":{"type":"string","description_kind":"plain","optional":true,"computed":true},"sender":{"type":"string","description_kind":"plain","computed":true},"status":{"type":"string","description_kind":"plain","optional":true,"computed":true},"timeout":{"type":"number","description_kind":"plain","optional":true,"computed":true},"to":{"type":"string","description":"An alias to agent_id","description_kind":"plain","computed":true},"updated_at":{"type":"string","description_kind":"plain","computed":true},"user":{"type":["list",["object",{"domain_id":"string","domain_name":"string","id":"string","name":"string","roles":["list","string"]}]],"description_kind":"plain","computed":true},"version":{"type":"number","description_kind":"plain","computed":true}},"description_kind":"plain"}},"ccloud_automation_v1":{"version":0,"block":{"attributes":{"arguments":{"type":["list","string"],"description_kind":"plain","computed":true},"chef_attributes":{"type":"string","description_kind":"plain","computed":true},"chef_version":{"type":"string","description_kind":"plain","optional":true,"computed":true},"created_at":{"type":"string","description_kind":"plain","computed":true},"debug":{"type":"bool","description_kind":"plain","optional":true,"computed":true},"environment":{"type":["map","string"],"description_kind":"plain","computed":true},"id":{"type":"string","description_kind":"plain","optional":true,"computed":true},"log_level":{"type":"string","description_kind":"plain","computed":true},"name":{"type":"string","description_kind":"plain","optional":true,"computed":true},"path":{"type":"string","description_kind":"plain","optional":true,"computed":true},"project_id":{"type":"string","description_kind":"plain","computed":true},"region":{"type":"string","description_kind":"plain","optional":true,"computed":true},"repository":{"type":"string","description_kind":"plain","optional":true,"computed":true},"repository_revision":{"type":"string","description_kind":"plain","optional":true,"computed":true},"run_list":{"type":["list","string"],"description_kind":"plain","computed":true},"tags":{"type":["map","string"],"description_kind":"plain","deprecated":true,"computed":true},"timeout":{"type":"number","description_kind":"plain","optional":true,"computed":true},"type":{"type":"string","description_kind":"plain","optional":true,"computed":true},"updated_at":{"type":"string","description_kind":"plain","computed":true}},"description_kind":"plain"}},"ccloud_billing_domain_masterdata":{"version":0,"block":{"attributes":{"additional_information":{"type":"string","description_kind":"plain","computed":true},"changed_at":{"type":"string","description_kind":"plain","computed":true},"changed_by":{"type":"string","description_kind":"plain","computed":true},"collector":{"type":"string","description_kind":"plain","computed":true},"cost_object":{"type":["list",["object",{"name":"string","projects_can_inherit":"bool","type":"string"}]],"description_kind":"plain","computed":true},"created_at":{"type":"string","description_kind":"plain","computed":true},"description":{"type":"string","description_kind":"plain","computed":true},"domain_id":{"type":"string","description_kind":"plain","optional":true},"domain_name":{"type":"string","description_kind":"plain","computed":true},"id":{"type":"string","description_kind":"plain","optional":true,"computed":true},"is_complete":{"type":"bool","description_kind":"plain","computed":true},"missing_attributes":{"type":"string","description_kind":"plain","computed":true},"region":{"type":"string","description_kind":"plain","optional":true,"computed":true},"responsible_controller_email":{"type":"string","description_kind":"plain","computed":true},"responsible_controller_id":{"type":"string","description_kind":"plain","computed":true},"responsible_primary_contact_email":{"type":"string","description_kind":"plain","computed":true},"responsible_primary_contact_id":{"type":"string","description_kind":"plain","computed":true}},"description_kind":"plain"}},"ccloud_billing_project_masterdata":{"version":0,"block":{"attributes":{"additional_information":{"type":"string","description_kind":"plain","computed":true},"business_criticality":{"type":"string","description_kind":"plain","computed":true},"changed_at":{"type":"string","description_kind":"plain","computed":true},"changed_by":{"type":"string","description_kind":"plain","computed":true},"collector":{"type":"string","description_kind":"plain","computed":true},"cost_object":{"type":["list",["object",{"inherited":"bool","name":"string","type":"string"}]],"description_kind":"plain","computed":true},"created_at":{"type":"string","description_kind":"plain","computed":true},"description":{"type":"string","description_kind":"plain","computed":true},"domain_id":{"type":"string","description_kind":"plain","computed":true},"domain_name":{"type":"string","description_kind":"plain","computed":true},"id":{"type":"string","description_kind":"plain","optional":true,"computed":true},"is_complete":{"type":"bool","description_kind":"plain","computed":true},"missing_attributes":{"type":"string","description_kind":"plain","computed":true},"number_of_endusers":{"type":"number","description_kind":"plain","computed":true},"parent_id":{"type":"string","description_kind":"plain","computed":true},"project_id":{"type":"string","description_kind":"plain","optional":true},"project_name":{"type":"string","description_kind":"plain","computed":true},"project_type":{"type":"string","description_kind":"plain","computed":true},"region":{"type":"string","description_kind":"plain","optional":true,"computed":true},"responsible_controller_email":{"type":"string","description_kind":"plain","computed":true},"responsible_controller_id":{"type":"string","description_kind":"plain","computed":true},"responsible_operator_email":{"type":"string","description_kind":"plain","computed":true},"responsible_operator_id":{"type":"string","description_kind":"plain","computed":true},"responsible_primary_contact_email":{"type":"string","description_kind":"plain","computed":true},"responsible_primary_contact_id":{"type":"string","description_kind":"plain","computed":true},"responsible_product_owner_email":{"type":"string","description_kind":"plain","computed":true},"responsible_product_owner_id":{"type":"string","description_kind":"plain","computed":true},"responsible_security_expert_email":{"type":"string","description_kind":"plain","computed":true},"responsible_security_expert_id":{"type":"string","description_kind":"plain","computed":true},"revenue_relevance":{"type":"string","description_kind":"plain","computed":true}},"description_kind":"plain"}}}}}}
