{"format_version":"0.1","provider_schemas":{"registry.terraform.io/joyent/triton":{"provider":{"version":0,"block":{"attributes":{"account":{"type":"string","description_kind":"plain","optional":true},"insecure_skip_tls_verify":{"type":"bool","description_kind":"plain","optional":true},"key_id":{"type":"string","description_kind":"plain","optional":true},"key_material":{"type":"string","description_kind":"plain","optional":true},"url":{"type":"string","description_kind":"plain","optional":true},"user":{"type":"string","description_kind":"plain","optional":true}},"description_kind":"plain"}},"resource_schemas":{"triton_fabric":{"version":1,"block":{"attributes":{"description":{"type":"string","description":"Description of network","description_kind":"plain","optional":true},"fabric":{"type":"bool","description":"Whether or not this network is on a fabric","description_kind":"plain","computed":true},"gateway":{"type":"string","description":"Gateway IP","description_kind":"plain","optional":true},"id":{"type":"string","description_kind":"plain","optional":true,"computed":true},"internet_nat":{"type":"bool","description":"Whether or not a NAT zone is provisioned at the Gateway IP address","description_kind":"plain","optional":true},"name":{"type":"string","description":"Network name","description_kind":"plain","required":true},"provision_end_ip":{"type":"string","description":"Last assignable IP on the network","description_kind":"plain","required":true},"provision_start_ip":{"type":"string","description":"First IP on the network that can be assigned","description_kind":"plain","required":true},"public":{"type":"bool","description":"Whether or not this is an RFC1918 network","description_kind":"plain","computed":true},"resolvers":{"type":["list","string"],"description":"List of IP addresses for DNS resolvers","description_kind":"plain","optional":true,"computed":true},"routes":{"type":["map","string"],"description":"Map of CIDR block to Gateway IP address","description_kind":"plain","optional":true,"computed":true},"subnet":{"type":"string","description":"CIDR formatted string describing network address space","description_kind":"plain","required":true},"vlan_id":{"type":"number","description":"VLAN on which the network exists","description_kind":"plain","required":true}},"description_kind":"plain"}},"triton_firewall_rule":{"version":0,"block":{"attributes":{"description":{"type":"string","description":"Human-readable description of the rule","description_kind":"plain","optional":true},"enabled":{"type":"bool","description":"Indicates if the rule is enabled","description_kind":"plain","optional":true},"global":{"type":"bool","description":"Indicates whether or not the rule is global","description_kind":"plain","computed":true},"id":{"type":"string","description_kind":"plain","optional":true,"computed":true},"rule":{"type":"string","description":"firewall rule text","description_kind":"plain","required":true}},"description_kind":"plain"}},"triton_instance_template":{"version":0,"block":{"attributes":{"firewall_enabled":{"type":"bool","description":"Whether to enable the firewall for group instances","description_kind":"plain","optional":true},"id":{"type":"string","description_kind":"plain","optional":true,"computed":true},"image":{"type":"string","description":"UUID of the image","description_kind":"plain","required":true},"metadata":{"type":["map","string"],"description":"Metadata for group instances","description_kind":"plain","optional":true,"computed":true},"networks":{"type":["list","string"],"description":"Network IDs for group instances","description_kind":"plain","optional":true,"computed":true},"package":{"type":"string","description":"Package name used for provisioning","description_kind":"plain","required":true},"tags":{"type":["map","string"],"description":"Tags for group instances","description_kind":"plain","optional":true,"computed":true},"template_name":{"type":"string","description":"Friendly name for the instance template","description_kind":"plain","required":true},"userdata":{"type":"string","description":"Data copied to instance on boot","description_kind":"plain","optional":true,"computed":true}},"block_types":{"timeouts":{"nesting_mode":"single","block":{"attributes":{"create":{"type":"string","description_kind":"plain","optional":true},"delete":{"type":"string","description_kind":"plain","optional":true},"read":{"type":"string","description_kind":"plain","optional":true},"update":{"type":"string","description_kind":"plain","optional":true}},"description_kind":"plain"}}},"description_kind":"plain"}},"triton_key":{"version":0,"block":{"attributes":{"id":{"type":"string","description_kind":"plain","optional":true,"computed":true},"key":{"type":"string","description":"Content of public key from disk in OpenSSH format","description_kind":"plain","required":true},"name":{"type":"string","description":"Name of the key (generated from the key comment if not set)","description_kind":"plain","optional":true,"computed":true}},"block_types":{"timeouts":{"nesting_mode":"single","block":{"attributes":{"create":{"type":"string","description_kind":"plain","optional":true},"delete":{"type":"string","description_kind":"plain","optional":true},"read":{"type":"string","description_kind":"plain","optional":true},"update":{"type":"string","description_kind":"plain","optional":true}},"description_kind":"plain"}}},"description_kind":"plain"}},"triton_machine":{"version":0,"block":{"attributes":{"administrator_pw":{"type":"string","description":"Administrator's initial password (Windows only)","description_kind":"plain","optional":true},"affinity":{"type":["list","string"],"description":"Label based affinity rules for assisting instance placement","description_kind":"plain","optional":true},"cloud_config":{"type":"string","description":"copied to machine on boot","description_kind":"plain","optional":true},"compute_node":{"type":"string","description":"UUID of the server on which the instance is located","description_kind":"plain","computed":true},"created":{"type":"string","description":"When the machine was created","description_kind":"plain","computed":true},"dataset":{"type":"string","description":"Dataset URN with which the machine was provisioned","description_kind":"plain","computed":true},"delegate_dataset":{"type":"bool","description":"Whether to create a delegate dataset for this machine","description_kind":"plain","optional":true},"deletion_protection_enabled":{"type":"bool","description":"Whether to enable deletion protection for this machine","description_kind":"plain","optional":true},"disk":{"type":"number","description":"Amount of disk allocated to the machine (in Gb)","description_kind":"plain","computed":true},"domain_names":{"type":["list","string"],"description":"List of domain names from Triton CNS","description_kind":"plain","computed":true},"firewall_enabled":{"type":"bool","description":"Whether to enable the firewall for this machine","description_kind":"plain","optional":true},"id":{"type":"string","description_kind":"plain","optional":true,"computed":true},"image":{"type":"string","description":"UUID of the image","description_kind":"plain","required":true},"ips":{"type":["list","string"],"description":"IP addresses assigned to the machine","description_kind":"plain","computed":true},"memory":{"type":"number","description":"Amount of memory allocated to the machine (in Mb)","description_kind":"plain","computed":true},"metadata":{"type":["map","string"],"description":"Machine metadata","description_kind":"plain","optional":true},"name":{"type":"string","description":"Friendly name for machine","description_kind":"plain","optional":true,"computed":true},"networks":{"type":["list","string"],"description":"Desired network IDs","description_kind":"plain","optional":true},"package":{"type":"string","description":"The package for use for provisioning","description_kind":"plain","required":true},"primaryip":{"type":"string","description":"Primary (public) IP address for the machine","description_kind":"plain","computed":true},"root_authorized_keys":{"type":"string","description":"Authorized keys for the root user on this machine","description_kind":"plain","optional":true,"computed":true},"tags":{"type":["map","string"],"description":"Machine tags","description_kind":"plain","optional":true},"type":{"type":"string","description":"Machine type (smartmachine or virtualmachine)","description_kind":"plain","computed":true},"updated":{"type":"string","description":"When the machine was updated","description_kind":"plain","computed":true},"user_data":{"type":"string","description":"Data copied to machine on boot","description_kind":"plain","optional":true},"user_script":{"type":"string","description":"User script to run on boot (every boot on SmartMachines)","description_kind":"plain","optional":true}},"block_types":{"cns":{"nesting_mode":"list","block":{"attributes":{"disable":{"type":"bool","description":"Disable CNS for this instance (after create)","description_kind":"plain","optional":true},"services":{"type":["list","string"],"description":"Assign CNS service names to this instance","description_kind":"plain","optional":true}},"description_kind":"plain"},"max_items":1},"locality":{"nesting_mode":"list","block":{"attributes":{"close_to":{"type":["list","string"],"description":"UUIDs of other instances to attempt to provision alongside","description_kind":"plain","optional":true},"far_from":{"type":["list","string"],"description":"UUIDs of other instances to attempt not to provision alongside","description_kind":"plain","optional":true}},"description_kind":"plain"},"max_items":1},"nic":{"nesting_mode":"set","block":{"attributes":{"gateway":{"type":"string","description":"IPv4 gateway","description_kind":"plain","computed":true},"ip":{"type":"string","description":"NIC's IPv4 address","description_kind":"plain","computed":true},"mac":{"type":"string","description":"NIC's MAC address","description_kind":"plain","computed":true},"netmask":{"type":"string","description":"IPv4 netmask","description_kind":"plain","computed":true},"network":{"type":"string","description":"ID of the network to which the NIC is attached","description_kind":"plain","required":true},"primary":{"type":"bool","description":"Whether this is the machine's primary NIC","description_kind":"plain","computed":true},"state":{"type":"string","description":"Provisioning state of the NIC","description_kind":"plain","computed":true}},"description_kind":"plain"}},"timeouts":{"nesting_mode":"single","block":{"attributes":{"create":{"type":"string","description_kind":"plain","optional":true},"delete":{"type":"string","description_kind":"plain","optional":true},"read":{"type":"string","description_kind":"plain","optional":true},"update":{"type":"string","description_kind":"plain","optional":true}},"description_kind":"plain"}},"volume":{"nesting_mode":"set","block":{"attributes":{"mode":{"type":"string","description":"The volume attachment mode","description_kind":"plain","optional":true,"computed":true},"mountpoint":{"type":"string","description":"Where to attach the volume","description_kind":"plain","required":true},"name":{"type":"string","description":"The name of the volume","description_kind":"plain","required":true},"type":{"type":"string","description":"The type of volume","description_kind":"plain","optional":true,"computed":true}},"description_kind":"plain"}}},"description_kind":"plain"}},"triton_service_group":{"version":0,"block":{"attributes":{"capacity":{"type":"number","description":"Number of instances to launch and monitor","description_kind":"plain","optional":true,"computed":true},"group_name":{"type":"string","description":"Friendly name for the service group","description_kind":"plain","required":true},"id":{"type":"string","description_kind":"plain","optional":true,"computed":true},"template":{"type":"string","description":"Identifier of an instance template","description_kind":"plain","required":true}},"block_types":{"timeouts":{"nesting_mode":"single","block":{"attributes":{"create":{"type":"string","description_kind":"plain","optional":true},"delete":{"type":"string","description_kind":"plain","optional":true},"read":{"type":"string","description_kind":"plain","optional":true},"update":{"type":"string","description_kind":"plain","optional":true}},"description_kind":"plain"}}},"description_kind":"plain"}},"triton_snapshot":{"version":0,"block":{"attributes":{"id":{"type":"string","description_kind":"plain","optional":true,"computed":true},"machine_id":{"type":"string","description_kind":"plain","required":true},"name":{"type":"string","description_kind":"plain","required":true},"state":{"type":"string","description_kind":"plain","computed":true}},"description_kind":"plain"}},"triton_vlan":{"version":0,"block":{"attributes":{"description":{"type":"string","description":"Description of the VLAN","description_kind":"plain","optional":true},"id":{"type":"string","description_kind":"plain","optional":true,"computed":true},"name":{"type":"string","description":"Unique name to identify VLAN","description_kind":"plain","required":true},"vlan_id":{"type":"number","description":"Number between 0-4095 indicating VLAN ID","description_kind":"plain","required":true}},"block_types":{"timeouts":{"nesting_mode":"single","block":{"attributes":{"create":{"type":"string","description_kind":"plain","optional":true},"delete":{"type":"string","description_kind":"plain","optional":true},"read":{"type":"string","description_kind":"plain","optional":true},"update":{"type":"string","description_kind":"plain","optional":true}},"description_kind":"plain"}}},"description_kind":"plain"}},"triton_volume":{"version":0,"block":{"attributes":{"filesystem_path":{"type":"string","description":"NFS mounting path","description_kind":"plain","computed":true},"id":{"type":"string","description_kind":"plain","optional":true,"computed":true},"name":{"type":"string","description":"Friendly name for volume","description_kind":"plain","optional":true,"computed":true},"networks":{"type":["list","string"],"description":"Desired network IDs","description_kind":"plain","optional":true,"computed":true},"owner":{"type":"string","description":"Who owns the volume","description_kind":"plain","computed":true},"size":{"type":"number","description":"The size of the volume (Mb)","description_kind":"plain","optional":true,"computed":true},"state":{"type":"string","description":"The state of the volume","description_kind":"plain","computed":true},"tags":{"type":["map","string"],"description":"Volume tags","description_kind":"plain","optional":true},"type":{"type":"string","description":"Type of volume","description_kind":"plain","optional":true}},"block_types":{"timeouts":{"nesting_mode":"single","block":{"attributes":{"create":{"type":"string","description_kind":"plain","optional":true},"delete":{"type":"string","description_kind":"plain","optional":true},"read":{"type":"string","description_kind":"plain","optional":true},"update":{"type":"string","description_kind":"plain","optional":true}},"description_kind":"plain"}}},"description_kind":"plain"}}},"data_source_schemas":{"triton_account":{"version":0,"block":{"attributes":{"cns_enabled":{"type":"bool","description_kind":"plain","computed":true},"email":{"type":"string","description_kind":"plain","computed":true},"id":{"type":"string","description_kind":"plain","optional":true,"computed":true},"login":{"type":"string","description_kind":"plain","computed":true}},"description_kind":"plain"}},"triton_datacenter":{"version":0,"block":{"attributes":{"endpoint":{"type":"string","description_kind":"plain","computed":true},"id":{"type":"string","description_kind":"plain","optional":true,"computed":true},"name":{"type":"string","description_kind":"plain","computed":true}},"description_kind":"plain"}},"triton_fabric_network":{"version":0,"block":{"attributes":{"description":{"type":"string","description_kind":"plain","computed":true},"fabric":{"type":"bool","description_kind":"plain","computed":true},"gateway":{"type":"string","description_kind":"plain","computed":true},"id":{"type":"string","description_kind":"plain","optional":true,"computed":true},"internet_nat":{"type":"bool","description_kind":"plain","computed":true},"name":{"type":"string","description_kind":"plain","required":true},"provision_end_ip":{"type":"string","description_kind":"plain","computed":true},"provision_start_ip":{"type":"string","description_kind":"plain","computed":true},"public":{"type":"bool","description_kind":"plain","computed":true},"resolvers":{"type":["list","string"],"description_kind":"plain","computed":true},"routes":{"type":["map","string"],"description_kind":"plain","computed":true},"subnet":{"type":"string","description_kind":"plain","computed":true},"vlan_id":{"type":"number","description_kind":"plain","required":true}},"description_kind":"plain"}},"triton_fabric_vlan":{"version":0,"block":{"attributes":{"description":{"type":"string","description_kind":"plain","optional":true},"id":{"type":"string","description_kind":"plain","optional":true,"computed":true},"name":{"type":"string","description_kind":"plain","optional":true},"vlan_id":{"type":"number","description_kind":"plain","optional":true}},"description_kind":"plain"}},"triton_image":{"version":0,"block":{"attributes":{"id":{"type":"string","description_kind":"plain","optional":true,"computed":true},"most_recent":{"type":"bool","description_kind":"plain","optional":true},"name":{"type":"string","description_kind":"plain","optional":true},"os":{"type":"string","description_kind":"plain","optional":true},"owner":{"type":"string","description_kind":"plain","optional":true},"public":{"type":"bool","description_kind":"plain","optional":true},"state":{"type":"string","description_kind":"plain","optional":true},"type":{"type":"string","description_kind":"plain","optional":true},"version":{"type":"string","description_kind":"plain","optional":true}},"description_kind":"plain"}},"triton_network":{"version":0,"block":{"attributes":{"fabric":{"type":"bool","description_kind":"plain","computed":true},"id":{"type":"string","description_kind":"plain","optional":true,"computed":true},"name":{"type":"string","description_kind":"plain","required":true},"public":{"type":"bool","description_kind":"plain","computed":true}},"description_kind":"plain"}},"triton_package":{"version":0,"block":{"attributes":{"disk":{"type":"number","description_kind":"plain","computed":true},"group":{"type":"string","description_kind":"plain","computed":true},"id":{"type":"string","description_kind":"plain","optional":true,"computed":true},"lwps":{"type":"number","description_kind":"plain","computed":true},"memory":{"type":"number","description_kind":"plain","computed":true},"name":{"type":"string","description_kind":"plain","computed":true},"swap":{"type":"number","description_kind":"plain","computed":true},"vcpus":{"type":"number","description_kind":"plain","computed":true},"version":{"type":"string","description_kind":"plain","computed":true}},"block_types":{"filter":{"nesting_mode":"set","block":{"attributes":{"disk":{"type":"number","description_kind":"plain","optional":true},"group":{"type":"string","description_kind":"plain","optional":true},"lwps":{"type":"number","description_kind":"plain","optional":true},"memory":{"type":"number","description_kind":"plain","optional":true},"name":{"type":"string","description_kind":"plain","optional":true},"swap":{"type":"number","description_kind":"plain","optional":true},"vcpus":{"type":"number","description_kind":"plain","optional":true},"version":{"type":"string","description_kind":"plain","optional":true}},"description_kind":"plain"},"min_items":1}},"description_kind":"plain"}},"triton_volume":{"version":0,"block":{"attributes":{"filesystem_path":{"type":"string","description_kind":"plain","optional":true,"computed":true},"id":{"type":"string","description_kind":"plain","optional":true,"computed":true},"name":{"type":"string","description_kind":"plain","optional":true,"computed":true},"networks":{"type":["list","string"],"description_kind":"plain","computed":true},"size":{"type":"number","description_kind":"plain","optional":true,"computed":true},"state":{"type":"string","description_kind":"plain","optional":true,"computed":true},"tags":{"type":["map","string"],"description_kind":"plain","optional":true,"computed":true},"type":{"type":"string","description":"Type of volume","description_kind":"plain","optional":true,"computed":true}},"description_kind":"plain"}}}}}}
