{"format_version":"0.1","provider_schemas":{"registry.terraform.io/stobias123/orion":{"provider":{"version":0,"block":{"attributes":{"host":{"type":"string","description":"Hostname for orion server","description_kind":"plain","required":true},"password":{"type":"string","description":"API Password","description_kind":"plain","required":true},"ssl":{"type":"bool","description":"Use https?","description_kind":"plain","required":true},"user":{"type":"string","description":"API User","description_kind":"plain","required":true}},"description_kind":"plain"}},"resource_schemas":{"orion_ip_address":{"version":0,"block":{"attributes":{"address":{"type":"string","description_kind":"plain","computed":true},"hostname":{"type":"string","description_kind":"plain","optional":true},"id":{"type":"string","description_kind":"plain","optional":true,"computed":true},"status":{"type":"string","description_kind":"plain","computed":true},"vlan":{"type":"string","description_kind":"plain","optional":true}},"description_kind":"plain"}}},"data_source_schemas":{"orion_subnet":{"version":0,"block":{"attributes":{"address":{"type":"string","description_kind":"plain","computed":true},"address_mask":{"type":"string","description_kind":"plain","computed":true},"available_count":{"type":"string","description_kind":"plain","computed":true},"cidr":{"type":"number","description_kind":"plain","computed":true},"display_name":{"type":"string","description_kind":"plain","computed":true},"id":{"type":"string","description_kind":"plain","optional":true,"computed":true},"name":{"type":"string","description":"Subnet FriendlyName you'd like to search","description_kind":"plain","computed":true},"reserved":{"type":"string","description_kind":"plain","computed":true},"reserved_count":{"type":"string","description_kind":"plain","computed":true},"total_count":{"type":"string","description_kind":"plain","computed":true},"transient_count":{"type":"string","description_kind":"plain","computed":true},"used_count":{"type":"string","description_kind":"plain","computed":true},"vlan":{"type":"string","description_kind":"plain","required":true}},"description_kind":"plain"}}}}}}
