{"format_version":"0.1","provider_schemas":{"registry.terraform.io/cloudfoundry-community/cloudfoundry":{"provider":{"version":0,"block":{"attributes":{"api_url":{"type":"string","description_kind":"plain","optional":true},"app_logs_max":{"type":"number","description":"Number of logs message which can be see when app creation is errored (-1 means all messages stored)","description_kind":"plain","optional":true},"cf_client_id":{"type":"string","description_kind":"plain","optional":true},"cf_client_secret":{"type":"string","description_kind":"plain","optional":true},"default_quota_name":{"type":"string","description":"Name of the default quota","description_kind":"plain","optional":true},"password":{"type":"string","description_kind":"plain","optional":true},"purge_when_delete":{"type":"bool","description":"Set to true to purge when deleting a resource (e.g.: service instance, service broker)","description_kind":"plain","optional":true},"skip_ssl_validation":{"type":"bool","description_kind":"plain","optional":true},"sso_passcode":{"type":"string","description_kind":"plain","optional":true},"store_tokens_path":{"type":"string","description":"Path to a file to store tokens used for login. (this is useful for sso, this avoid requiring each time sso passcode)","description_kind":"plain","optional":true},"uaa_client_id":{"type":"string","description_kind":"plain","optional":true},"uaa_client_secret":{"type":"string","description_kind":"plain","optional":true},"user":{"type":"string","description_kind":"plain","optional":true}},"description_kind":"plain"}},"resource_schemas":{"cloudfoundry_app":{"version":3,"block":{"attributes":{"annotations":{"type":["map","string"],"description_kind":"plain","optional":true},"buildpack":{"type":"string","description_kind":"plain","optional":true,"computed":true},"command":{"type":"string","description_kind":"plain","optional":true,"computed":true},"disk_quota":{"type":"number","description_kind":"plain","optional":true,"computed":true},"docker_credentials":{"type":["map","string"],"description_kind":"plain","optional":true,"sensitive":true},"docker_image":{"type":"string","description_kind":"plain","optional":true},"enable_ssh":{"type":"bool","description_kind":"plain","optional":true,"computed":true},"environment":{"type":["map","string"],"description_kind":"plain","optional":true,"computed":true,"sensitive":true},"health_check_http_endpoint":{"type":"string","description_kind":"plain","optional":true,"computed":true},"health_check_timeout":{"type":"number","description_kind":"plain","optional":true,"computed":true},"health_check_type":{"type":"string","description_kind":"plain","optional":true},"id":{"type":"string","description_kind":"plain","optional":true,"computed":true},"id_bg":{"type":"string","description_kind":"plain","computed":true},"instances":{"type":"number","description_kind":"plain","optional":true},"labels":{"type":["map","string"],"description_kind":"plain","optional":true},"memory":{"type":"number","description_kind":"plain","optional":true,"computed":true},"name":{"type":"string","description_kind":"plain","required":true},"path":{"type":"string","description":"Path to an app zip in the form of unix path or http url","description_kind":"plain","optional":true},"ports":{"type":["set","number"],"description_kind":"plain","optional":true,"computed":true},"source_code_hash":{"type":"string","description_kind":"plain","optional":true},"space":{"type":"string","description_kind":"plain","required":true},"stack":{"type":"string","description_kind":"plain","optional":true,"computed":true},"stopped":{"type":"bool","description_kind":"plain","optional":true},"strategy":{"type":"string","description":"Deployment strategy, default to none but accept blue-green strategy","description_kind":"plain","optional":true},"timeout":{"type":"number","description_kind":"plain","optional":true}},"block_types":{"routes":{"nesting_mode":"set","block":{"attributes":{"port":{"type":"number","description_kind":"plain","optional":true,"computed":true},"route":{"type":"string","description_kind":"plain","required":true}},"description_kind":"plain"}},"service_binding":{"nesting_mode":"set","block":{"attributes":{"params":{"type":["map","string"],"description_kind":"plain","optional":true,"sensitive":true},"params_json":{"type":"string","description_kind":"plain","optional":true,"sensitive":true},"service_instance":{"type":"string","description_kind":"plain","required":true}},"description_kind":"plain"}}},"description_kind":"plain"}},"cloudfoundry_asg":{"version":0,"block":{"attributes":{"id":{"type":"string","description_kind":"plain","optional":true,"computed":true},"name":{"type":"string","description_kind":"plain","required":true}},"block_types":{"rule":{"nesting_mode":"list","block":{"attributes":{"code":{"type":"number","description_kind":"plain","optional":true},"description":{"type":"string","description_kind":"plain","optional":true},"destination":{"type":"string","description_kind":"plain","required":true},"log":{"type":"bool","description_kind":"plain","optional":true},"ports":{"type":"string","description_kind":"plain","optional":true},"protocol":{"type":"string","description_kind":"plain","required":true},"type":{"type":"number","description_kind":"plain","optional":true}},"description_kind":"plain"},"min_items":1}},"description_kind":"plain"}},"cloudfoundry_buildpack":{"version":3,"block":{"attributes":{"annotations":{"type":["map","string"],"description_kind":"plain","optional":true},"enabled":{"type":"bool","description_kind":"plain","optional":true},"filename":{"type":"string","description_kind":"plain","optional":true,"computed":true},"id":{"type":"string","description_kind":"plain","optional":true,"computed":true},"labels":{"type":["map","string"],"description_kind":"plain","optional":true},"locked":{"type":"bool","description_kind":"plain","optional":true},"name":{"type":"string","description_kind":"plain","required":true},"path":{"type":"string","description":"Path to a buildpack zip in the form of unix path or http url","description_kind":"plain","required":true},"position":{"type":"number","description_kind":"plain","optional":true,"computed":true},"source_code_hash":{"type":"string","description_kind":"plain","optional":true}},"description_kind":"plain"}},"cloudfoundry_default_asg":{"version":0,"block":{"attributes":{"asgs":{"type":["set","string"],"description_kind":"plain","required":true},"id":{"type":"string","description_kind":"plain","optional":true,"computed":true},"name":{"type":"string","description_kind":"plain","required":true}},"description_kind":"plain"}},"cloudfoundry_domain":{"version":0,"block":{"attributes":{"domain":{"type":"string","description_kind":"plain","optional":true,"computed":true},"id":{"type":"string","description_kind":"plain","optional":true,"computed":true},"internal":{"type":"bool","description":"Flag that sets the domain as an internal domain. Internal domains are used for internal app to app networking only.","description_kind":"plain","optional":true},"name":{"type":"string","description_kind":"plain","optional":true,"computed":true},"org":{"type":"string","description_kind":"plain","optional":true},"router_group":{"type":"string","description_kind":"plain","optional":true},"router_type":{"type":"string","description_kind":"plain","computed":true},"sub_domain":{"type":"string","description_kind":"plain","optional":true,"computed":true}},"description_kind":"plain"}},"cloudfoundry_evg":{"version":0,"block":{"attributes":{"id":{"type":"string","description_kind":"plain","optional":true,"computed":true},"name":{"type":"string","description_kind":"plain","required":true},"variables":{"type":["map","string"],"description_kind":"plain","required":true}},"description_kind":"plain"}},"cloudfoundry_feature_flags":{"version":0,"block":{"attributes":{"id":{"type":"string","description_kind":"plain","optional":true,"computed":true}},"block_types":{"feature_flags":{"nesting_mode":"list","block":{"attributes":{"app_bits_upload":{"type":"string","description_kind":"plain","optional":true,"computed":true},"app_scaling":{"type":"string","description_kind":"plain","optional":true,"computed":true},"diego_docker":{"type":"string","description_kind":"plain","optional":true,"computed":true},"env_var_visibility":{"type":"string","description_kind":"plain","optional":true,"computed":true},"hide_marketplace_from_unauthenticated_users":{"type":"string","description_kind":"plain","optional":true,"computed":true},"private_domain_creation":{"type":"string","description_kind":"plain","optional":true,"computed":true},"route_creation":{"type":"string","description_kind":"plain","optional":true,"computed":true},"service_instance_creation":{"type":"string","description_kind":"plain","optional":true,"computed":true},"service_instance_sharing":{"type":"string","description_kind":"plain","optional":true,"computed":true},"set_roles_by_username":{"type":"string","description_kind":"plain","optional":true,"computed":true},"space_developer_env_var_visibility":{"type":"string","description_kind":"plain","optional":true,"computed":true},"space_scoped_private_broker_creation":{"type":"string","description_kind":"plain","optional":true,"computed":true},"task_creation":{"type":"string","description_kind":"plain","optional":true,"computed":true},"unset_roles_by_username":{"type":"string","description_kind":"plain","optional":true,"computed":true},"user_org_creation":{"type":"string","description_kind":"plain","optional":true,"computed":true}},"description_kind":"plain"},"max_items":1}},"description_kind":"plain"}},"cloudfoundry_isolation_segment":{"version":0,"block":{"attributes":{"annotations":{"type":["map","string"],"description_kind":"plain","optional":true},"id":{"type":"string","description_kind":"plain","optional":true,"computed":true},"labels":{"type":["map","string"],"description_kind":"plain","optional":true},"name":{"type":"string","description_kind":"plain","required":true}},"description_kind":"plain"}},"cloudfoundry_isolation_segment_entitlement":{"version":0,"block":{"attributes":{"default":{"type":"bool","description":"Set this isolation segment defined as default segment for those organizations. Default to false.","description_kind":"plain","optional":true},"id":{"type":"string","description_kind":"plain","optional":true,"computed":true},"orgs":{"type":["set","string"],"description_kind":"plain","required":true},"segment":{"type":"string","description_kind":"plain","required":true}},"description_kind":"plain"}},"cloudfoundry_network_policy":{"version":0,"block":{"attributes":{"id":{"type":"string","description_kind":"plain","optional":true,"computed":true}},"block_types":{"policy":{"nesting_mode":"set","block":{"attributes":{"destination_app":{"type":"string","description_kind":"plain","required":true},"port":{"type":"string","description_kind":"plain","required":true},"protocol":{"type":"string","description_kind":"plain","optional":true},"source_app":{"type":"string","description_kind":"plain","required":true}},"description_kind":"plain"}}},"description_kind":"plain"}},"cloudfoundry_org":{"version":0,"block":{"attributes":{"annotations":{"type":["map","string"],"description_kind":"plain","optional":true},"auditors":{"type":["set","string"],"description_kind":"plain","deprecated":true,"optional":true,"computed":true},"billing_managers":{"type":["set","string"],"description_kind":"plain","deprecated":true,"optional":true,"computed":true},"id":{"type":"string","description_kind":"plain","optional":true,"computed":true},"labels":{"type":["map","string"],"description_kind":"plain","optional":true},"managers":{"type":["set","string"],"description_kind":"plain","deprecated":true,"optional":true,"computed":true},"name":{"type":"string","description_kind":"plain","required":true},"quota":{"type":"string","description_kind":"plain","optional":true,"computed":true}},"description_kind":"plain"}},"cloudfoundry_org_quota":{"version":0,"block":{"attributes":{"allow_paid_service_plans":{"type":"bool","description_kind":"plain","required":true},"id":{"type":"string","description_kind":"plain","optional":true,"computed":true},"instance_memory":{"type":"number","description_kind":"plain","optional":true},"name":{"type":"string","description_kind":"plain","required":true},"total_app_instances":{"type":"number","description_kind":"plain","optional":true},"total_app_tasks":{"type":"number","description_kind":"plain","optional":true},"total_memory":{"type":"number","description_kind":"plain","required":true},"total_private_domains":{"type":"number","description_kind":"plain","optional":true},"total_route_ports":{"type":"number","description_kind":"plain","optional":true},"total_routes":{"type":"number","description_kind":"plain","required":true},"total_service_keys":{"type":"number","description_kind":"plain","optional":true},"total_services":{"type":"number","description_kind":"plain","required":true}},"description_kind":"plain"}},"cloudfoundry_org_users":{"version":0,"block":{"attributes":{"auditors":{"type":["set","string"],"description_kind":"plain","optional":true,"computed":true},"billing_managers":{"type":["set","string"],"description_kind":"plain","optional":true,"computed":true},"force":{"type":"bool","description_kind":"plain","optional":true},"id":{"type":"string","description_kind":"plain","optional":true,"computed":true},"managers":{"type":["set","string"],"description_kind":"plain","optional":true,"computed":true},"org":{"type":"string","description_kind":"plain","required":true}},"description_kind":"plain"}},"cloudfoundry_private_domain_access":{"version":0,"block":{"attributes":{"domain":{"type":"string","description_kind":"plain","required":true},"id":{"type":"string","description_kind":"plain","optional":true,"computed":true},"org":{"type":"string","description_kind":"plain","required":true}},"description_kind":"plain"}},"cloudfoundry_route":{"version":0,"block":{"attributes":{"domain":{"type":"string","description_kind":"plain","required":true},"endpoint":{"type":"string","description_kind":"plain","computed":true},"hostname":{"type":"string","description_kind":"plain","optional":true},"id":{"type":"string","description_kind":"plain","optional":true,"computed":true},"path":{"type":"string","description_kind":"plain","optional":true},"port":{"type":"number","description_kind":"plain","optional":true,"computed":true},"random_port":{"type":"bool","description_kind":"plain","optional":true},"space":{"type":"string","description_kind":"plain","required":true}},"block_types":{"target":{"nesting_mode":"set","block":{"attributes":{"app":{"type":"string","description_kind":"plain","required":true},"port":{"type":"number","description_kind":"plain","optional":true,"computed":true}},"description_kind":"plain"}}},"description_kind":"plain"}},"cloudfoundry_route_service_binding":{"version":0,"block":{"attributes":{"id":{"type":"string","description_kind":"plain","optional":true,"computed":true},"json_params":{"type":"string","description_kind":"plain","optional":true},"route":{"type":"string","description_kind":"plain","required":true},"service_instance":{"type":"string","description_kind":"plain","required":true}},"description_kind":"plain"}},"cloudfoundry_service_broker":{"version":0,"block":{"attributes":{"annotations":{"type":["map","string"],"description_kind":"plain","optional":true},"catalog_change":{"type":"bool","description":"Special marker to know and trigger a service broker update, this should not be set to true on your resource declaration","description_kind":"plain","optional":true},"catalog_hash":{"type":"string","description_kind":"plain","optional":true,"computed":true},"fail_when_catalog_not_accessible":{"type":"bool","description":"Set to true if you want to see errors when getting service broker catalog","description_kind":"plain","optional":true},"id":{"type":"string","description_kind":"plain","optional":true,"computed":true},"labels":{"type":["map","string"],"description_kind":"plain","optional":true},"name":{"type":"string","description_kind":"plain","required":true},"password":{"type":"string","description_kind":"plain","required":true,"sensitive":true},"service_plans":{"type":["map","string"],"description_kind":"plain","computed":true},"services":{"type":["map","string"],"description_kind":"plain","computed":true},"space":{"type":"string","description_kind":"plain","optional":true},"url":{"type":"string","description_kind":"plain","required":true},"username":{"type":"string","description_kind":"plain","required":true}},"description_kind":"plain"}},"cloudfoundry_service_instance":{"version":0,"block":{"attributes":{"id":{"type":"string","description_kind":"plain","optional":true,"computed":true},"json_params":{"type":"string","description_kind":"plain","optional":true},"name":{"type":"string","description_kind":"plain","required":true},"recursive_delete":{"type":"bool","description_kind":"plain","optional":true},"service_plan":{"type":"string","description_kind":"plain","required":true},"space":{"type":"string","description_kind":"plain","required":true},"tags":{"type":["list","string"],"description_kind":"plain","optional":true}},"block_types":{"timeouts":{"nesting_mode":"single","block":{"attributes":{"create":{"type":"string","description_kind":"plain","optional":true},"delete":{"type":"string","description_kind":"plain","optional":true},"update":{"type":"string","description_kind":"plain","optional":true}},"description_kind":"plain"}}},"description_kind":"plain"}},"cloudfoundry_service_key":{"version":0,"block":{"attributes":{"credentials":{"type":["map","string"],"description_kind":"plain","computed":true},"id":{"type":"string","description_kind":"plain","optional":true,"computed":true},"name":{"type":"string","description_kind":"plain","required":true},"params":{"type":["map","string"],"description_kind":"plain","optional":true,"sensitive":true},"params_json":{"type":"string","description_kind":"plain","optional":true,"sensitive":true},"service_instance":{"type":"string","description_kind":"plain","required":true}},"description_kind":"plain"}},"cloudfoundry_service_plan_access":{"version":0,"block":{"attributes":{"id":{"type":"string","description_kind":"plain","optional":true,"computed":true},"org":{"type":"string","description_kind":"plain","optional":true},"plan":{"type":"string","description_kind":"plain","required":true},"public":{"type":"bool","description_kind":"plain","optional":true}},"description_kind":"plain"}},"cloudfoundry_space":{"version":0,"block":{"attributes":{"allow_ssh":{"type":"bool","description_kind":"plain","optional":true,"computed":true},"annotations":{"type":["map","string"],"description_kind":"plain","optional":true},"asgs":{"type":["set","string"],"description_kind":"plain","optional":true},"auditors":{"type":["set","string"],"description_kind":"plain","deprecated":true,"optional":true,"computed":true},"developers":{"type":["set","string"],"description_kind":"plain","deprecated":true,"optional":true,"computed":true},"id":{"type":"string","description_kind":"plain","optional":true,"computed":true},"isolation_segment":{"type":"string","description_kind":"plain","optional":true},"labels":{"type":["map","string"],"description_kind":"plain","optional":true},"managers":{"type":["set","string"],"description_kind":"plain","deprecated":true,"optional":true,"computed":true},"name":{"type":"string","description_kind":"plain","required":true},"org":{"type":"string","description_kind":"plain","required":true},"quota":{"type":"string","description_kind":"plain","optional":true},"staging_asgs":{"type":["set","string"],"description_kind":"plain","optional":true}},"description_kind":"plain"}},"cloudfoundry_space_quota":{"version":0,"block":{"attributes":{"allow_paid_service_plans":{"type":"bool","description_kind":"plain","required":true},"id":{"type":"string","description_kind":"plain","optional":true,"computed":true},"instance_memory":{"type":"number","description_kind":"plain","optional":true},"name":{"type":"string","description_kind":"plain","required":true},"org":{"type":"string","description_kind":"plain","required":true},"total_app_instances":{"type":"number","description_kind":"plain","optional":true},"total_app_tasks":{"type":"number","description_kind":"plain","optional":true},"total_memory":{"type":"number","description_kind":"plain","required":true},"total_route_ports":{"type":"number","description_kind":"plain","optional":true},"total_routes":{"type":"number","description_kind":"plain","required":true},"total_service_keys":{"type":"number","description_kind":"plain","optional":true},"total_services":{"type":"number","description_kind":"plain","required":true}},"description_kind":"plain"}},"cloudfoundry_space_users":{"version":0,"block":{"attributes":{"auditors":{"type":["set","string"],"description_kind":"plain","optional":true,"computed":true},"developers":{"type":["set","string"],"description_kind":"plain","optional":true,"computed":true},"force":{"type":"bool","description_kind":"plain","optional":true},"id":{"type":"string","description_kind":"plain","optional":true,"computed":true},"managers":{"type":["set","string"],"description_kind":"plain","optional":true,"computed":true},"space":{"type":"string","description_kind":"plain","required":true}},"description_kind":"plain"}},"cloudfoundry_user":{"version":0,"block":{"attributes":{"email":{"type":"string","description_kind":"plain","optional":true,"computed":true},"family_name":{"type":"string","description_kind":"plain","optional":true,"computed":true},"given_name":{"type":"string","description_kind":"plain","optional":true,"computed":true},"groups":{"type":["set","string"],"description_kind":"plain","optional":true,"computed":true},"id":{"type":"string","description_kind":"plain","optional":true,"computed":true},"name":{"type":"string","description_kind":"plain","required":true},"origin":{"type":"string","description_kind":"plain","optional":true},"password":{"type":"string","description_kind":"plain","optional":true,"sensitive":true}},"description_kind":"plain"}},"cloudfoundry_user_provided_service":{"version":0,"block":{"attributes":{"credentials":{"type":["map","string"],"description_kind":"plain","optional":true,"sensitive":true},"credentials_json":{"type":"string","description_kind":"plain","optional":true,"sensitive":true},"id":{"type":"string","description_kind":"plain","optional":true,"computed":true},"name":{"type":"string","description_kind":"plain","required":true},"routeServiceURL":{"type":"string","description_kind":"plain","deprecated":true,"optional":true},"route_service_url":{"type":"string","description_kind":"plain","optional":true},"space":{"type":"string","description_kind":"plain","required":true},"syslogDrainURL":{"type":"string","description_kind":"plain","deprecated":true,"optional":true},"syslog_drain_url":{"type":"string","description_kind":"plain","optional":true},"tags":{"type":["set","string"],"description_kind":"plain","optional":true}},"description_kind":"plain"}}},"data_source_schemas":{"cloudfoundry_app":{"version":3,"block":{"attributes":{"annotations":{"type":["map","string"],"description_kind":"plain","optional":true},"buildpack":{"type":"string","description_kind":"plain","computed":true},"command":{"type":"string","description_kind":"plain","computed":true},"disk_quota":{"type":"number","description_kind":"plain","computed":true},"enable_ssh":{"type":"bool","description_kind":"plain","computed":true},"environment":{"type":["map","string"],"description_kind":"plain","computed":true,"sensitive":true},"health_check_http_endpoint":{"type":"string","description_kind":"plain","computed":true},"health_check_timeout":{"type":"number","description_kind":"plain","computed":true},"health_check_type":{"type":"string","description_kind":"plain","computed":true},"id":{"type":"string","description_kind":"plain","optional":true,"computed":true},"instances":{"type":"number","description_kind":"plain","computed":true},"labels":{"type":["map","string"],"description_kind":"plain","optional":true},"memory":{"type":"number","description_kind":"plain","computed":true},"name":{"type":"string","description_kind":"plain","computed":true},"name_or_id":{"type":"string","description_kind":"plain","required":true},"space":{"type":"string","description_kind":"plain","required":true},"stack":{"type":"string","description_kind":"plain","computed":true},"state":{"type":"string","description_kind":"plain","computed":true}},"description_kind":"plain"}},"cloudfoundry_asg":{"version":0,"block":{"attributes":{"id":{"type":"string","description_kind":"plain","optional":true,"computed":true},"name":{"type":"string","description_kind":"plain","required":true}},"description_kind":"plain"}},"cloudfoundry_domain":{"version":0,"block":{"attributes":{"domain":{"type":"string","description_kind":"plain","optional":true,"computed":true},"id":{"type":"string","description_kind":"plain","optional":true,"computed":true},"internal":{"type":"bool","description_kind":"plain","computed":true},"name":{"type":"string","description_kind":"plain","optional":true,"computed":true},"org":{"type":"string","description_kind":"plain","computed":true},"sub_domain":{"type":"string","description_kind":"plain","optional":true}},"description_kind":"plain"}},"cloudfoundry_info":{"version":0,"block":{"attributes":{"api_version":{"type":"string","description_kind":"plain","computed":true},"auth_endpoint":{"type":"string","description_kind":"plain","computed":true},"doppler_endpoint":{"type":"string","description_kind":"plain","computed":true},"id":{"type":"string","description_kind":"plain","optional":true,"computed":true},"logging_endpoint":{"type":"string","description_kind":"plain","deprecated":true,"computed":true},"routing_endpoint":{"type":"string","description_kind":"plain","computed":true},"uaa_endpoint":{"type":"string","description_kind":"plain","computed":true}},"description_kind":"plain"}},"cloudfoundry_isolation_segment":{"version":0,"block":{"attributes":{"annotations":{"type":["map","string"],"description_kind":"plain","optional":true},"id":{"type":"string","description_kind":"plain","optional":true,"computed":true},"labels":{"type":["map","string"],"description_kind":"plain","optional":true},"name":{"type":"string","description_kind":"plain","required":true}},"description_kind":"plain"}},"cloudfoundry_org":{"version":0,"block":{"attributes":{"annotations":{"type":["map","string"],"description_kind":"plain","optional":true},"id":{"type":"string","description_kind":"plain","optional":true,"computed":true},"labels":{"type":["map","string"],"description_kind":"plain","optional":true},"name":{"type":"string","description_kind":"plain","required":true}},"description_kind":"plain"}},"cloudfoundry_org_quota":{"version":0,"block":{"attributes":{"id":{"type":"string","description_kind":"plain","optional":true,"computed":true},"name":{"type":"string","description_kind":"plain","required":true}},"description_kind":"plain"}},"cloudfoundry_route":{"version":0,"block":{"attributes":{"domain":{"type":"string","description_kind":"plain","required":true},"hostname":{"type":"string","description_kind":"plain","optional":true,"computed":true},"id":{"type":"string","description_kind":"plain","optional":true,"computed":true},"org":{"type":"string","description_kind":"plain","optional":true},"path":{"type":"string","description_kind":"plain","optional":true,"computed":true},"port":{"type":"number","description_kind":"plain","optional":true,"computed":true}},"description_kind":"plain"}},"cloudfoundry_router_group":{"version":0,"block":{"attributes":{"id":{"type":"string","description_kind":"plain","optional":true,"computed":true},"name":{"type":"string","description_kind":"plain","required":true},"type":{"type":"string","description_kind":"plain","computed":true}},"description_kind":"plain"}},"cloudfoundry_service":{"version":0,"block":{"attributes":{"id":{"type":"string","description_kind":"plain","optional":true,"computed":true},"name":{"type":"string","description_kind":"plain","required":true},"service_broker_guid":{"type":"string","description_kind":"plain","optional":true},"service_broker_name":{"type":"string","description_kind":"plain","computed":true},"service_plans":{"type":["map","string"],"description_kind":"plain","computed":true},"space":{"type":"string","description_kind":"plain","optional":true}},"description_kind":"plain"}},"cloudfoundry_service_instance":{"version":0,"block":{"attributes":{"id":{"type":"string","description_kind":"plain","optional":true,"computed":true},"name":{"type":"string","description_kind":"plain","computed":true},"name_or_id":{"type":"string","description_kind":"plain","required":true},"service_plan_id":{"type":"string","description_kind":"plain","computed":true},"space":{"type":"string","description_kind":"plain","required":true},"tags":{"type":["list","string"],"description_kind":"plain","computed":true}},"description_kind":"plain"}},"cloudfoundry_service_key":{"version":0,"block":{"attributes":{"credentials":{"type":["map","string"],"description_kind":"plain","computed":true},"id":{"type":"string","description_kind":"plain","optional":true,"computed":true},"name":{"type":"string","description_kind":"plain","required":true},"service_instance":{"type":"string","description_kind":"plain","required":true}},"description_kind":"plain"}},"cloudfoundry_space":{"version":0,"block":{"attributes":{"annotations":{"type":["map","string"],"description_kind":"plain","optional":true},"id":{"type":"string","description_kind":"plain","optional":true,"computed":true},"labels":{"type":["map","string"],"description_kind":"plain","optional":true},"name":{"type":"string","description_kind":"plain","required":true},"org":{"type":"string","description_kind":"plain","optional":true,"computed":true},"org_name":{"type":"string","description_kind":"plain","optional":true,"computed":true},"quota":{"type":"string","description_kind":"plain","computed":true}},"description_kind":"plain"}},"cloudfoundry_space_quota":{"version":0,"block":{"attributes":{"id":{"type":"string","description_kind":"plain","optional":true,"computed":true},"name":{"type":"string","description_kind":"plain","required":true},"org":{"type":"string","description_kind":"plain","optional":true}},"description_kind":"plain"}},"cloudfoundry_stack":{"version":0,"block":{"attributes":{"annotations":{"type":["map","string"],"description_kind":"plain","optional":true},"description":{"type":"string","description_kind":"plain","computed":true},"id":{"type":"string","description_kind":"plain","optional":true,"computed":true},"labels":{"type":["map","string"],"description_kind":"plain","optional":true},"name":{"type":"string","description_kind":"plain","required":true}},"description_kind":"plain"}},"cloudfoundry_user":{"version":0,"block":{"attributes":{"id":{"type":"string","description_kind":"plain","optional":true,"computed":true},"name":{"type":"string","description_kind":"plain","required":true},"org_id":{"type":"string","description":"Optionally scope the lookup to organization","description_kind":"plain","optional":true}},"description_kind":"plain"}},"cloudfoundry_user_provided_service":{"version":0,"block":{"attributes":{"credentials":{"type":["map","string"],"description_kind":"plain","computed":true},"id":{"type":"string","description_kind":"plain","optional":true,"computed":true},"name":{"type":"string","description_kind":"plain","required":true},"route_service_url":{"type":"string","description_kind":"plain","computed":true},"space":{"type":"string","description_kind":"plain","required":true},"syslog_drain_url":{"type":"string","description_kind":"plain","computed":true},"tags":{"type":["list","string"],"description_kind":"plain","computed":true}},"description_kind":"plain"}}}}}}
