{"format_version":"0.1","provider_schemas":{"registry.terraform.io/hashicorp/random":{"provider":{"version":0,"block":{"description_kind":"plain"}},"resource_schemas":{"random_id":{"version":0,"block":{"attributes":{"b64":{"type":"string","description_kind":"plain","deprecated":true,"computed":true},"b64_std":{"type":"string","description_kind":"plain","computed":true},"b64_url":{"type":"string","description_kind":"plain","computed":true},"byte_length":{"type":"number","description_kind":"plain","required":true},"dec":{"type":"string","description_kind":"plain","computed":true},"hex":{"type":"string","description_kind":"plain","computed":true},"id":{"type":"string","description_kind":"plain","optional":true,"computed":true},"keepers":{"type":["map","string"],"description_kind":"plain","optional":true},"prefix":{"type":"string","description_kind":"plain","optional":true}},"description_kind":"plain"}},"random_integer":{"version":0,"block":{"attributes":{"id":{"type":"string","description_kind":"plain","optional":true,"computed":true},"keepers":{"type":["map","string"],"description_kind":"plain","optional":true},"max":{"type":"number","description_kind":"plain","required":true},"min":{"type":"number","description_kind":"plain","required":true},"result":{"type":"number","description_kind":"plain","computed":true},"seed":{"type":"string","description_kind":"plain","optional":true}},"description_kind":"plain"}},"random_password":{"version":0,"block":{"attributes":{"id":{"type":"string","description_kind":"plain","optional":true,"computed":true},"keepers":{"type":["map","string"],"description_kind":"plain","optional":true},"length":{"type":"number","description_kind":"plain","required":true},"lower":{"type":"bool","description_kind":"plain","optional":true},"min_lower":{"type":"number","description_kind":"plain","optional":true},"min_numeric":{"type":"number","description_kind":"plain","optional":true},"min_special":{"type":"number","description_kind":"plain","optional":true},"min_upper":{"type":"number","description_kind":"plain","optional":true},"number":{"type":"bool","description_kind":"plain","optional":true},"override_special":{"type":"string","description_kind":"plain","optional":true},"result":{"type":"string","description_kind":"plain","computed":true,"sensitive":true},"special":{"type":"bool","description_kind":"plain","optional":true},"upper":{"type":"bool","description_kind":"plain","optional":true}},"description_kind":"plain"}},"random_pet":{"version":0,"block":{"attributes":{"id":{"type":"string","description_kind":"plain","optional":true,"computed":true},"keepers":{"type":["map","string"],"description_kind":"plain","optional":true},"length":{"type":"number","description_kind":"plain","optional":true},"prefix":{"type":"string","description_kind":"plain","optional":true},"separator":{"type":"string","description_kind":"plain","optional":true}},"description_kind":"plain"}},"random_shuffle":{"version":0,"block":{"attributes":{"id":{"type":"string","description_kind":"plain","optional":true,"computed":true},"input":{"type":["list","string"],"description_kind":"plain","required":true},"keepers":{"type":["map","string"],"description_kind":"plain","optional":true},"result":{"type":["list","string"],"description_kind":"plain","computed":true},"result_count":{"type":"number","description_kind":"plain","optional":true},"seed":{"type":"string","description_kind":"plain","optional":true}},"description_kind":"plain"}},"random_string":{"version":1,"block":{"attributes":{"id":{"type":"string","description_kind":"plain","optional":true,"computed":true},"keepers":{"type":["map","string"],"description_kind":"plain","optional":true},"length":{"type":"number","description_kind":"plain","required":true},"lower":{"type":"bool","description_kind":"plain","optional":true},"min_lower":{"type":"number","description_kind":"plain","optional":true},"min_numeric":{"type":"number","description_kind":"plain","optional":true},"min_special":{"type":"number","description_kind":"plain","optional":true},"min_upper":{"type":"number","description_kind":"plain","optional":true},"number":{"type":"bool","description_kind":"plain","optional":true},"override_special":{"type":"string","description_kind":"plain","optional":true},"result":{"type":"string","description_kind":"plain","computed":true},"special":{"type":"bool","description_kind":"plain","optional":true},"upper":{"type":"bool","description_kind":"plain","optional":true}},"description_kind":"plain"}},"random_uuid":{"version":0,"block":{"attributes":{"id":{"type":"string","description_kind":"plain","optional":true,"computed":true},"keepers":{"type":["map","string"],"description_kind":"plain","optional":true},"result":{"type":"string","description_kind":"plain","computed":true}},"description_kind":"plain"}}}}}}
