{"format_version":"0.1","provider_schemas":{"registry.terraform.io/sumologic/sumologic":{"provider":{"version":0,"block":{"attributes":{"access_id":{"type":"string","description_kind":"plain","required":true},"access_key":{"type":"string","description_kind":"plain","required":true},"base_url":{"type":"string","description_kind":"plain","optional":true},"environment":{"type":"string","description_kind":"plain","optional":true}},"description_kind":"plain"}},"resource_schemas":{"sumologic_aws_inventory_source":{"version":0,"block":{"attributes":{"automatic_date_parsing":{"type":"bool","description_kind":"plain","optional":true},"category":{"type":"string","description_kind":"plain","optional":true},"collector_id":{"type":"number","description_kind":"plain","required":true},"content_type":{"type":"string","description_kind":"plain","required":true},"cutoff_relative_time":{"type":"string","description_kind":"plain","optional":true},"cutoff_timestamp":{"type":"number","description_kind":"plain","optional":true},"description":{"type":"string","description_kind":"plain","optional":true},"fields":{"type":["map","string"],"description_kind":"plain","optional":true},"force_timezone":{"type":"bool","description_kind":"plain","optional":true},"host_name":{"type":"string","description_kind":"plain","optional":true},"id":{"type":"string","description_kind":"plain","optional":true,"computed":true},"manual_prefix_regexp":{"type":"string","description_kind":"plain","optional":true},"multiline_processing_enabled":{"type":"bool","description_kind":"plain","optional":true},"name":{"type":"string","description_kind":"plain","required":true},"paused":{"type":"bool","description_kind":"plain","required":true},"scan_interval":{"type":"number","description_kind":"plain","required":true},"timezone":{"type":"string","description_kind":"plain","optional":true},"url":{"type":"string","description_kind":"plain","computed":true},"use_autoline_matching":{"type":"bool","description_kind":"plain","optional":true}},"block_types":{"authentication":{"nesting_mode":"list","block":{"attributes":{"access_key":{"type":"string","description_kind":"plain","optional":true},"role_arn":{"type":"string","description_kind":"plain","optional":true},"secret_key":{"type":"string","description_kind":"plain","optional":true},"type":{"type":"string","description_kind":"plain","required":true}},"description_kind":"plain"},"min_items":1,"max_items":1},"default_date_formats":{"nesting_mode":"list","block":{"attributes":{"format":{"type":"string","description_kind":"plain","required":true},"locator":{"type":"string","description_kind":"plain","optional":true}},"description_kind":"plain"}},"filters":{"nesting_mode":"list","block":{"attributes":{"filter_type":{"type":"string","description_kind":"plain","required":true},"mask":{"type":"string","description_kind":"plain","optional":true},"name":{"type":"string","description_kind":"plain","required":true},"regexp":{"type":"string","description_kind":"plain","required":true}},"description_kind":"plain"}},"path":{"nesting_mode":"list","block":{"attributes":{"bucket_name":{"type":"string","description_kind":"plain","optional":true},"limit_to_namespaces":{"type":["list","string"],"description_kind":"plain","optional":true},"limit_to_regions":{"type":["list","string"],"description_kind":"plain","optional":true},"path_expression":{"type":"string","description_kind":"plain","optional":true},"type":{"type":"string","description_kind":"plain","required":true}},"block_types":{"tag_filters":{"nesting_mode":"list","block":{"attributes":{"namespace":{"type":"string","description_kind":"plain","optional":true},"tags":{"type":["list","string"],"description_kind":"plain","optional":true},"type":{"type":"string","description_kind":"plain","optional":true}},"description_kind":"plain"}}},"description_kind":"plain"},"min_items":1,"max_items":1}},"description_kind":"plain"}},"sumologic_aws_xray_source":{"version":0,"block":{"attributes":{"automatic_date_parsing":{"type":"bool","description_kind":"plain","optional":true},"category":{"type":"string","description_kind":"plain","optional":true},"collector_id":{"type":"number","description_kind":"plain","required":true},"content_type":{"type":"string","description_kind":"plain","required":true},"cutoff_relative_time":{"type":"string","description_kind":"plain","optional":true},"cutoff_timestamp":{"type":"number","description_kind":"plain","optional":true},"description":{"type":"string","description_kind":"plain","optional":true},"fields":{"type":["map","string"],"description_kind":"plain","optional":true},"force_timezone":{"type":"bool","description_kind":"plain","optional":true},"host_name":{"type":"string","description_kind":"plain","optional":true},"id":{"type":"string","description_kind":"plain","optional":true,"computed":true},"manual_prefix_regexp":{"type":"string","description_kind":"plain","optional":true},"multiline_processing_enabled":{"type":"bool","description_kind":"plain","optional":true},"name":{"type":"string","description_kind":"plain","required":true},"paused":{"type":"bool","description_kind":"plain","required":true},"scan_interval":{"type":"number","description_kind":"plain","required":true},"timezone":{"type":"string","description_kind":"plain","optional":true},"url":{"type":"string","description_kind":"plain","computed":true},"use_autoline_matching":{"type":"bool","description_kind":"plain","optional":true}},"block_types":{"authentication":{"nesting_mode":"list","block":{"attributes":{"access_key":{"type":"string","description_kind":"plain","optional":true},"role_arn":{"type":"string","description_kind":"plain","optional":true},"secret_key":{"type":"string","description_kind":"plain","optional":true},"type":{"type":"string","description_kind":"plain","required":true}},"description_kind":"plain"},"min_items":1,"max_items":1},"default_date_formats":{"nesting_mode":"list","block":{"attributes":{"format":{"type":"string","description_kind":"plain","required":true},"locator":{"type":"string","description_kind":"plain","optional":true}},"description_kind":"plain"}},"filters":{"nesting_mode":"list","block":{"attributes":{"filter_type":{"type":"string","description_kind":"plain","required":true},"mask":{"type":"string","description_kind":"plain","optional":true},"name":{"type":"string","description_kind":"plain","required":true},"regexp":{"type":"string","description_kind":"plain","required":true}},"description_kind":"plain"}},"path":{"nesting_mode":"list","block":{"attributes":{"bucket_name":{"type":"string","description_kind":"plain","optional":true},"limit_to_namespaces":{"type":["list","string"],"description_kind":"plain","optional":true},"limit_to_regions":{"type":["list","string"],"description_kind":"plain","optional":true},"path_expression":{"type":"string","description_kind":"plain","optional":true},"type":{"type":"string","description_kind":"plain","required":true}},"block_types":{"tag_filters":{"nesting_mode":"list","block":{"attributes":{"namespace":{"type":"string","description_kind":"plain","optional":true},"tags":{"type":["list","string"],"description_kind":"plain","optional":true},"type":{"type":"string","description_kind":"plain","optional":true}},"description_kind":"plain"}}},"description_kind":"plain"},"min_items":1,"max_items":1}},"description_kind":"plain"}},"sumologic_cloudfront_source":{"version":0,"block":{"attributes":{"automatic_date_parsing":{"type":"bool","description_kind":"plain","optional":true},"category":{"type":"string","description_kind":"plain","optional":true},"collector_id":{"type":"number","description_kind":"plain","required":true},"content_type":{"type":"string","description_kind":"plain","required":true},"cutoff_relative_time":{"type":"string","description_kind":"plain","optional":true},"cutoff_timestamp":{"type":"number","description_kind":"plain","optional":true},"description":{"type":"string","description_kind":"plain","optional":true},"fields":{"type":["map","string"],"description_kind":"plain","optional":true},"force_timezone":{"type":"bool","description_kind":"plain","optional":true},"host_name":{"type":"string","description_kind":"plain","optional":true},"id":{"type":"string","description_kind":"plain","optional":true,"computed":true},"manual_prefix_regexp":{"type":"string","description_kind":"plain","optional":true},"multiline_processing_enabled":{"type":"bool","description_kind":"plain","optional":true},"name":{"type":"string","description_kind":"plain","required":true},"paused":{"type":"bool","description_kind":"plain","required":true},"scan_interval":{"type":"number","description_kind":"plain","required":true},"timezone":{"type":"string","description_kind":"plain","optional":true},"url":{"type":"string","description_kind":"plain","computed":true},"use_autoline_matching":{"type":"bool","description_kind":"plain","optional":true}},"block_types":{"authentication":{"nesting_mode":"list","block":{"attributes":{"access_key":{"type":"string","description_kind":"plain","optional":true},"role_arn":{"type":"string","description_kind":"plain","optional":true},"secret_key":{"type":"string","description_kind":"plain","optional":true},"type":{"type":"string","description_kind":"plain","required":true}},"description_kind":"plain"},"min_items":1,"max_items":1},"default_date_formats":{"nesting_mode":"list","block":{"attributes":{"format":{"type":"string","description_kind":"plain","required":true},"locator":{"type":"string","description_kind":"plain","optional":true}},"description_kind":"plain"}},"filters":{"nesting_mode":"list","block":{"attributes":{"filter_type":{"type":"string","description_kind":"plain","required":true},"mask":{"type":"string","description_kind":"plain","optional":true},"name":{"type":"string","description_kind":"plain","required":true},"regexp":{"type":"string","description_kind":"plain","required":true}},"description_kind":"plain"}},"path":{"nesting_mode":"list","block":{"attributes":{"bucket_name":{"type":"string","description_kind":"plain","optional":true},"limit_to_namespaces":{"type":["list","string"],"description_kind":"plain","optional":true},"limit_to_regions":{"type":["list","string"],"description_kind":"plain","optional":true},"path_expression":{"type":"string","description_kind":"plain","optional":true},"type":{"type":"string","description_kind":"plain","required":true}},"block_types":{"tag_filters":{"nesting_mode":"list","block":{"attributes":{"namespace":{"type":"string","description_kind":"plain","optional":true},"tags":{"type":["list","string"],"description_kind":"plain","optional":true},"type":{"type":"string","description_kind":"plain","optional":true}},"description_kind":"plain"}}},"description_kind":"plain"},"min_items":1,"max_items":1}},"description_kind":"plain"}},"sumologic_cloudsyslog_source":{"version":0,"block":{"attributes":{"automatic_date_parsing":{"type":"bool","description_kind":"plain","optional":true},"category":{"type":"string","description_kind":"plain","optional":true},"collector_id":{"type":"number","description_kind":"plain","required":true},"content_type":{"type":"string","description_kind":"plain","optional":true},"cutoff_relative_time":{"type":"string","description_kind":"plain","optional":true},"cutoff_timestamp":{"type":"number","description_kind":"plain","optional":true},"description":{"type":"string","description_kind":"plain","optional":true},"fields":{"type":["map","string"],"description_kind":"plain","optional":true},"force_timezone":{"type":"bool","description_kind":"plain","optional":true},"host_name":{"type":"string","description_kind":"plain","optional":true},"id":{"type":"string","description_kind":"plain","optional":true,"computed":true},"manual_prefix_regexp":{"type":"string","description_kind":"plain","optional":true},"multiline_processing_enabled":{"type":"bool","description_kind":"plain","optional":true},"name":{"type":"string","description_kind":"plain","required":true},"timezone":{"type":"string","description_kind":"plain","optional":true},"token":{"type":"string","description_kind":"plain","computed":true},"use_autoline_matching":{"type":"bool","description_kind":"plain","optional":true}},"block_types":{"default_date_formats":{"nesting_mode":"list","block":{"attributes":{"format":{"type":"string","description_kind":"plain","required":true},"locator":{"type":"string","description_kind":"plain","optional":true}},"description_kind":"plain"}},"filters":{"nesting_mode":"list","block":{"attributes":{"filter_type":{"type":"string","description_kind":"plain","required":true},"mask":{"type":"string","description_kind":"plain","optional":true},"name":{"type":"string","description_kind":"plain","required":true},"regexp":{"type":"string","description_kind":"plain","required":true}},"description_kind":"plain"}}},"description_kind":"plain"}},"sumologic_cloudtrail_source":{"version":0,"block":{"attributes":{"automatic_date_parsing":{"type":"bool","description_kind":"plain","optional":true},"category":{"type":"string","description_kind":"plain","optional":true},"collector_id":{"type":"number","description_kind":"plain","required":true},"content_type":{"type":"string","description_kind":"plain","required":true},"cutoff_relative_time":{"type":"string","description_kind":"plain","optional":true},"cutoff_timestamp":{"type":"number","description_kind":"plain","optional":true},"description":{"type":"string","description_kind":"plain","optional":true},"fields":{"type":["map","string"],"description_kind":"plain","optional":true},"force_timezone":{"type":"bool","description_kind":"plain","optional":true},"host_name":{"type":"string","description_kind":"plain","optional":true},"id":{"type":"string","description_kind":"plain","optional":true,"computed":true},"manual_prefix_regexp":{"type":"string","description_kind":"plain","optional":true},"multiline_processing_enabled":{"type":"bool","description_kind":"plain","optional":true},"name":{"type":"string","description_kind":"plain","required":true},"paused":{"type":"bool","description_kind":"plain","required":true},"scan_interval":{"type":"number","description_kind":"plain","required":true},"timezone":{"type":"string","description_kind":"plain","optional":true},"url":{"type":"string","description_kind":"plain","computed":true},"use_autoline_matching":{"type":"bool","description_kind":"plain","optional":true}},"block_types":{"authentication":{"nesting_mode":"list","block":{"attributes":{"access_key":{"type":"string","description_kind":"plain","optional":true},"role_arn":{"type":"string","description_kind":"plain","optional":true},"secret_key":{"type":"string","description_kind":"plain","optional":true},"type":{"type":"string","description_kind":"plain","required":true}},"description_kind":"plain"},"min_items":1,"max_items":1},"default_date_formats":{"nesting_mode":"list","block":{"attributes":{"format":{"type":"string","description_kind":"plain","required":true},"locator":{"type":"string","description_kind":"plain","optional":true}},"description_kind":"plain"}},"filters":{"nesting_mode":"list","block":{"attributes":{"filter_type":{"type":"string","description_kind":"plain","required":true},"mask":{"type":"string","description_kind":"plain","optional":true},"name":{"type":"string","description_kind":"plain","required":true},"regexp":{"type":"string","description_kind":"plain","required":true}},"description_kind":"plain"}},"path":{"nesting_mode":"list","block":{"attributes":{"bucket_name":{"type":"string","description_kind":"plain","optional":true},"limit_to_namespaces":{"type":["list","string"],"description_kind":"plain","optional":true},"limit_to_regions":{"type":["list","string"],"description_kind":"plain","optional":true},"path_expression":{"type":"string","description_kind":"plain","optional":true},"type":{"type":"string","description_kind":"plain","required":true}},"block_types":{"tag_filters":{"nesting_mode":"list","block":{"attributes":{"namespace":{"type":"string","description_kind":"plain","optional":true},"tags":{"type":["list","string"],"description_kind":"plain","optional":true},"type":{"type":"string","description_kind":"plain","optional":true}},"description_kind":"plain"}}},"description_kind":"plain"},"min_items":1,"max_items":1}},"description_kind":"plain"}},"sumologic_cloudwatch_source":{"version":0,"block":{"attributes":{"automatic_date_parsing":{"type":"bool","description_kind":"plain","optional":true},"category":{"type":"string","description_kind":"plain","optional":true},"collector_id":{"type":"number","description_kind":"plain","required":true},"content_type":{"type":"string","description_kind":"plain","required":true},"cutoff_relative_time":{"type":"string","description_kind":"plain","optional":true},"cutoff_timestamp":{"type":"number","description_kind":"plain","optional":true},"description":{"type":"string","description_kind":"plain","optional":true},"fields":{"type":["map","string"],"description_kind":"plain","optional":true},"force_timezone":{"type":"bool","description_kind":"plain","optional":true},"host_name":{"type":"string","description_kind":"plain","optional":true},"id":{"type":"string","description_kind":"plain","optional":true,"computed":true},"manual_prefix_regexp":{"type":"string","description_kind":"plain","optional":true},"multiline_processing_enabled":{"type":"bool","description_kind":"plain","optional":true},"name":{"type":"string","description_kind":"plain","required":true},"paused":{"type":"bool","description_kind":"plain","required":true},"scan_interval":{"type":"number","description_kind":"plain","required":true},"timezone":{"type":"string","description_kind":"plain","optional":true},"url":{"type":"string","description_kind":"plain","computed":true},"use_autoline_matching":{"type":"bool","description_kind":"plain","optional":true}},"block_types":{"authentication":{"nesting_mode":"list","block":{"attributes":{"access_key":{"type":"string","description_kind":"plain","optional":true},"role_arn":{"type":"string","description_kind":"plain","optional":true},"secret_key":{"type":"string","description_kind":"plain","optional":true},"type":{"type":"string","description_kind":"plain","required":true}},"description_kind":"plain"},"min_items":1,"max_items":1},"default_date_formats":{"nesting_mode":"list","block":{"attributes":{"format":{"type":"string","description_kind":"plain","required":true},"locator":{"type":"string","description_kind":"plain","optional":true}},"description_kind":"plain"}},"filters":{"nesting_mode":"list","block":{"attributes":{"filter_type":{"type":"string","description_kind":"plain","required":true},"mask":{"type":"string","description_kind":"plain","optional":true},"name":{"type":"string","description_kind":"plain","required":true},"regexp":{"type":"string","description_kind":"plain","required":true}},"description_kind":"plain"}},"path":{"nesting_mode":"list","block":{"attributes":{"bucket_name":{"type":"string","description_kind":"plain","optional":true},"limit_to_namespaces":{"type":["list","string"],"description_kind":"plain","optional":true},"limit_to_regions":{"type":["list","string"],"description_kind":"plain","optional":true},"path_expression":{"type":"string","description_kind":"plain","optional":true},"type":{"type":"string","description_kind":"plain","required":true}},"block_types":{"tag_filters":{"nesting_mode":"list","block":{"attributes":{"namespace":{"type":"string","description_kind":"plain","optional":true},"tags":{"type":["list","string"],"description_kind":"plain","optional":true},"type":{"type":"string","description_kind":"plain","optional":true}},"description_kind":"plain"}}},"description_kind":"plain"},"min_items":1,"max_items":1}},"description_kind":"plain"}},"sumologic_collector":{"version":0,"block":{"attributes":{"category":{"type":"string","description_kind":"plain","optional":true},"description":{"type":"string","description_kind":"plain","optional":true},"fields":{"type":["map","string"],"description_kind":"plain","optional":true},"id":{"type":"string","description_kind":"plain","optional":true,"computed":true},"name":{"type":"string","description_kind":"plain","required":true},"timezone":{"type":"string","description_kind":"plain","optional":true}},"description_kind":"plain"}},"sumologic_collector_ingest_budget_assignment":{"version":0,"block":{"attributes":{"collector_id":{"type":"string","description_kind":"plain","required":true},"id":{"type":"string","description_kind":"plain","optional":true,"computed":true},"ingest_budget_id":{"type":"string","description_kind":"plain","required":true}},"description_kind":"plain"}},"sumologic_connection":{"version":0,"block":{"attributes":{"custom_headers":{"type":["map","string"],"description_kind":"plain","optional":true},"default_payload":{"type":"string","description_kind":"plain","required":true},"description":{"type":"string","description_kind":"plain","optional":true},"headers":{"type":["map","string"],"description_kind":"plain","optional":true},"id":{"type":"string","description_kind":"plain","optional":true,"computed":true},"name":{"type":"string","description_kind":"plain","required":true},"type":{"type":"string","description_kind":"plain","required":true},"url":{"type":"string","description_kind":"plain","required":true},"webhook_type":{"type":"string","description_kind":"plain","optional":true}},"description_kind":"plain"}},"sumologic_content":{"version":0,"block":{"attributes":{"config":{"type":"string","description_kind":"plain","required":true},"id":{"type":"string","description_kind":"plain","optional":true,"computed":true},"parent_id":{"type":"string","description_kind":"plain","required":true}},"block_types":{"timeouts":{"nesting_mode":"single","block":{"attributes":{"create":{"type":"string","description_kind":"plain","optional":true},"delete":{"type":"string","description_kind":"plain","optional":true},"read":{"type":"string","description_kind":"plain","optional":true},"update":{"type":"string","description_kind":"plain","optional":true}},"description_kind":"plain"}}},"description_kind":"plain"}},"sumologic_elb_source":{"version":0,"block":{"attributes":{"automatic_date_parsing":{"type":"bool","description_kind":"plain","optional":true},"category":{"type":"string","description_kind":"plain","optional":true},"collector_id":{"type":"number","description_kind":"plain","required":true},"content_type":{"type":"string","description_kind":"plain","required":true},"cutoff_relative_time":{"type":"string","description_kind":"plain","optional":true},"cutoff_timestamp":{"type":"number","description_kind":"plain","optional":true},"description":{"type":"string","description_kind":"plain","optional":true},"fields":{"type":["map","string"],"description_kind":"plain","optional":true},"force_timezone":{"type":"bool","description_kind":"plain","optional":true},"host_name":{"type":"string","description_kind":"plain","optional":true},"id":{"type":"string","description_kind":"plain","optional":true,"computed":true},"manual_prefix_regexp":{"type":"string","description_kind":"plain","optional":true},"multiline_processing_enabled":{"type":"bool","description_kind":"plain","optional":true},"name":{"type":"string","description_kind":"plain","required":true},"paused":{"type":"bool","description_kind":"plain","required":true},"scan_interval":{"type":"number","description_kind":"plain","required":true},"timezone":{"type":"string","description_kind":"plain","optional":true},"url":{"type":"string","description_kind":"plain","computed":true},"use_autoline_matching":{"type":"bool","description_kind":"plain","optional":true}},"block_types":{"authentication":{"nesting_mode":"list","block":{"attributes":{"access_key":{"type":"string","description_kind":"plain","optional":true},"role_arn":{"type":"string","description_kind":"plain","optional":true},"secret_key":{"type":"string","description_kind":"plain","optional":true},"type":{"type":"string","description_kind":"plain","required":true}},"description_kind":"plain"},"min_items":1,"max_items":1},"default_date_formats":{"nesting_mode":"list","block":{"attributes":{"format":{"type":"string","description_kind":"plain","required":true},"locator":{"type":"string","description_kind":"plain","optional":true}},"description_kind":"plain"}},"filters":{"nesting_mode":"list","block":{"attributes":{"filter_type":{"type":"string","description_kind":"plain","required":true},"mask":{"type":"string","description_kind":"plain","optional":true},"name":{"type":"string","description_kind":"plain","required":true},"regexp":{"type":"string","description_kind":"plain","required":true}},"description_kind":"plain"}},"path":{"nesting_mode":"list","block":{"attributes":{"bucket_name":{"type":"string","description_kind":"plain","optional":true},"limit_to_namespaces":{"type":["list","string"],"description_kind":"plain","optional":true},"limit_to_regions":{"type":["list","string"],"description_kind":"plain","optional":true},"path_expression":{"type":"string","description_kind":"plain","optional":true},"type":{"type":"string","description_kind":"plain","required":true}},"block_types":{"tag_filters":{"nesting_mode":"list","block":{"attributes":{"namespace":{"type":"string","description_kind":"plain","optional":true},"tags":{"type":["list","string"],"description_kind":"plain","optional":true},"type":{"type":"string","description_kind":"plain","optional":true}},"description_kind":"plain"}}},"description_kind":"plain"},"min_items":1,"max_items":1}},"description_kind":"plain"}},"sumologic_field_extraction_rule":{"version":0,"block":{"attributes":{"enabled":{"type":"bool","description_kind":"plain","required":true},"id":{"type":"string","description_kind":"plain","optional":true,"computed":true},"name":{"type":"string","description_kind":"plain","required":true},"parse_expression":{"type":"string","description_kind":"plain","required":true},"scope":{"type":"string","description_kind":"plain","required":true}},"description_kind":"plain"}},"sumologic_folder":{"version":0,"block":{"attributes":{"description":{"type":"string","description_kind":"plain","required":true},"id":{"type":"string","description_kind":"plain","optional":true,"computed":true},"name":{"type":"string","description_kind":"plain","required":true},"parent_id":{"type":"string","description_kind":"plain","required":true}},"block_types":{"timeouts":{"nesting_mode":"single","block":{"attributes":{"delete":{"type":"string","description_kind":"plain","optional":true}},"description_kind":"plain"}}},"description_kind":"plain"}},"sumologic_http_source":{"version":0,"block":{"attributes":{"automatic_date_parsing":{"type":"bool","description_kind":"plain","optional":true},"category":{"type":"string","description_kind":"plain","optional":true},"collector_id":{"type":"number","description_kind":"plain","required":true},"content_type":{"type":"string","description_kind":"plain","optional":true},"cutoff_relative_time":{"type":"string","description_kind":"plain","optional":true},"cutoff_timestamp":{"type":"number","description_kind":"plain","optional":true},"description":{"type":"string","description_kind":"plain","optional":true},"fields":{"type":["map","string"],"description_kind":"plain","optional":true},"force_timezone":{"type":"bool","description_kind":"plain","optional":true},"host_name":{"type":"string","description_kind":"plain","optional":true},"id":{"type":"string","description_kind":"plain","optional":true,"computed":true},"manual_prefix_regexp":{"type":"string","description_kind":"plain","optional":true},"message_per_request":{"type":"bool","description_kind":"plain","optional":true},"multiline_processing_enabled":{"type":"bool","description_kind":"plain","optional":true},"name":{"type":"string","description_kind":"plain","required":true},"timezone":{"type":"string","description_kind":"plain","optional":true},"url":{"type":"string","description_kind":"plain","computed":true},"use_autoline_matching":{"type":"bool","description_kind":"plain","optional":true}},"block_types":{"default_date_formats":{"nesting_mode":"list","block":{"attributes":{"format":{"type":"string","description_kind":"plain","required":true},"locator":{"type":"string","description_kind":"plain","optional":true}},"description_kind":"plain"}},"filters":{"nesting_mode":"list","block":{"attributes":{"filter_type":{"type":"string","description_kind":"plain","required":true},"mask":{"type":"string","description_kind":"plain","optional":true},"name":{"type":"string","description_kind":"plain","required":true},"regexp":{"type":"string","description_kind":"plain","required":true}},"description_kind":"plain"}}},"description_kind":"plain"}},"sumologic_ingest_budget":{"version":0,"block":{"attributes":{"action":{"type":"string","description_kind":"plain","optional":true},"capacity_bytes":{"type":"number","description_kind":"plain","required":true},"description":{"type":"string","description_kind":"plain","optional":true},"field_value":{"type":"string","description_kind":"plain","required":true},"id":{"type":"string","description_kind":"plain","optional":true,"computed":true},"name":{"type":"string","description_kind":"plain","required":true},"reset_time":{"type":"string","description_kind":"plain","optional":true},"timezone":{"type":"string","description_kind":"plain","optional":true}},"description_kind":"plain"}},"sumologic_ingest_budget_v2":{"version":0,"block":{"attributes":{"action":{"type":"string","description_kind":"plain","required":true},"audit_threshold":{"type":"number","description_kind":"plain","optional":true},"capacity_bytes":{"type":"number","description_kind":"plain","required":true},"description":{"type":"string","description_kind":"plain","optional":true},"id":{"type":"string","description_kind":"plain","optional":true,"computed":true},"name":{"type":"string","description_kind":"plain","required":true},"reset_time":{"type":"string","description_kind":"plain","required":true},"scope":{"type":"string","description_kind":"plain","required":true},"timezone":{"type":"string","description_kind":"plain","required":true}},"description_kind":"plain"}},"sumologic_metadata_source":{"version":0,"block":{"attributes":{"automatic_date_parsing":{"type":"bool","description_kind":"plain","optional":true},"category":{"type":"string","description_kind":"plain","optional":true},"collector_id":{"type":"number","description_kind":"plain","required":true},"content_type":{"type":"string","description_kind":"plain","required":true},"cutoff_relative_time":{"type":"string","description_kind":"plain","optional":true},"cutoff_timestamp":{"type":"number","description_kind":"plain","optional":true},"description":{"type":"string","description_kind":"plain","optional":true},"fields":{"type":["map","string"],"description_kind":"plain","optional":true},"force_timezone":{"type":"bool","description_kind":"plain","optional":true},"host_name":{"type":"string","description_kind":"plain","optional":true},"id":{"type":"string","description_kind":"plain","optional":true,"computed":true},"manual_prefix_regexp":{"type":"string","description_kind":"plain","optional":true},"multiline_processing_enabled":{"type":"bool","description_kind":"plain","optional":true},"name":{"type":"string","description_kind":"plain","required":true},"paused":{"type":"bool","description_kind":"plain","required":true},"scan_interval":{"type":"number","description_kind":"plain","required":true},"timezone":{"type":"string","description_kind":"plain","optional":true},"url":{"type":"string","description_kind":"plain","computed":true},"use_autoline_matching":{"type":"bool","description_kind":"plain","optional":true}},"block_types":{"authentication":{"nesting_mode":"list","block":{"attributes":{"access_key":{"type":"string","description_kind":"plain","optional":true},"role_arn":{"type":"string","description_kind":"plain","optional":true},"secret_key":{"type":"string","description_kind":"plain","optional":true},"type":{"type":"string","description_kind":"plain","required":true}},"description_kind":"plain"},"min_items":1,"max_items":1},"default_date_formats":{"nesting_mode":"list","block":{"attributes":{"format":{"type":"string","description_kind":"plain","required":true},"locator":{"type":"string","description_kind":"plain","optional":true}},"description_kind":"plain"}},"filters":{"nesting_mode":"list","block":{"attributes":{"filter_type":{"type":"string","description_kind":"plain","required":true},"mask":{"type":"string","description_kind":"plain","optional":true},"name":{"type":"string","description_kind":"plain","required":true},"regexp":{"type":"string","description_kind":"plain","required":true}},"description_kind":"plain"}},"path":{"nesting_mode":"list","block":{"attributes":{"limit_to_namespaces":{"type":["list","string"],"description_kind":"plain","optional":true},"limit_to_regions":{"type":["list","string"],"description_kind":"plain","optional":true},"tag_filters":{"type":["list","string"],"description_kind":"plain","optional":true},"type":{"type":"string","description_kind":"plain","required":true}},"description_kind":"plain"},"min_items":1,"max_items":1}},"description_kind":"plain"}},"sumologic_monitor":{"version":0,"block":{"attributes":{"content_type":{"type":"string","description_kind":"plain","optional":true},"created_at":{"type":"string","description_kind":"plain","optional":true,"computed":true},"created_by":{"type":"string","description_kind":"plain","optional":true,"computed":true},"description":{"type":"string","description_kind":"plain","required":true},"group_notifications":{"type":"bool","description_kind":"plain","optional":true},"id":{"type":"string","description_kind":"plain","optional":true,"computed":true},"is_disabled":{"type":"bool","description_kind":"plain","optional":true},"is_locked":{"type":"bool","description_kind":"plain","optional":true},"is_mutable":{"type":"bool","description_kind":"plain","optional":true,"computed":true},"is_system":{"type":"bool","description_kind":"plain","optional":true,"computed":true},"modified_at":{"type":"string","description_kind":"plain","optional":true,"computed":true},"modified_by":{"type":"string","description_kind":"plain","optional":true,"computed":true},"monitor_type":{"type":"string","description_kind":"plain","required":true},"name":{"type":"string","description_kind":"plain","required":true},"parent_id":{"type":"string","description_kind":"plain","optional":true,"computed":true},"post_request_map":{"type":["map","string"],"description_kind":"plain","optional":true},"status":{"type":"string","description_kind":"plain","optional":true,"computed":true},"type":{"type":"string","description_kind":"plain","optional":true},"version":{"type":"number","description_kind":"plain","optional":true,"computed":true}},"block_types":{"notifications":{"nesting_mode":"list","block":{"attributes":{"run_for_trigger_types":{"type":["list","string"],"description_kind":"plain","required":true}},"block_types":{"notification":{"nesting_mode":"list","block":{"attributes":{"action_type":{"type":"string","description_kind":"plain","required":true},"connection_id":{"type":"string","description_kind":"plain","optional":true},"message_body":{"type":"string","description_kind":"plain","optional":true},"payload_override":{"type":"string","description_kind":"plain","optional":true},"recipients":{"type":["list","string"],"description_kind":"plain","optional":true},"subject":{"type":"string","description_kind":"plain","optional":true},"time_zone":{"type":"string","description_kind":"plain","optional":true}},"description_kind":"plain"},"min_items":1,"max_items":1}},"description_kind":"plain"}},"queries":{"nesting_mode":"list","block":{"attributes":{"query":{"type":"string","description_kind":"plain","required":true},"row_id":{"type":"string","description_kind":"plain","required":true}},"description_kind":"plain"}},"triggers":{"nesting_mode":"list","block":{"attributes":{"detection_method":{"type":"string","description_kind":"plain","optional":true},"occurrence_type":{"type":"string","description_kind":"plain","required":true},"threshold":{"type":"number","description_kind":"plain","optional":true},"threshold_type":{"type":"string","description_kind":"plain","optional":true},"time_range":{"type":"string","description_kind":"plain","required":true},"trigger_source":{"type":"string","description_kind":"plain","required":true},"trigger_type":{"type":"string","description_kind":"plain","required":true}},"description_kind":"plain"}}},"description_kind":"plain"}},"sumologic_monitor_folder":{"version":0,"block":{"attributes":{"content_type":{"type":"string","description_kind":"plain","optional":true},"created_at":{"type":"string","description_kind":"plain","optional":true,"computed":true},"created_by":{"type":"string","description_kind":"plain","optional":true,"computed":true},"description":{"type":"string","description_kind":"plain","required":true},"id":{"type":"string","description_kind":"plain","optional":true,"computed":true},"is_locked":{"type":"bool","description_kind":"plain","optional":true},"is_mutable":{"type":"bool","description_kind":"plain","optional":true,"computed":true},"is_system":{"type":"bool","description_kind":"plain","optional":true,"computed":true},"modified_at":{"type":"string","description_kind":"plain","optional":true,"computed":true},"modified_by":{"type":"string","description_kind":"plain","optional":true,"computed":true},"name":{"type":"string","description_kind":"plain","required":true},"parent_id":{"type":"string","description_kind":"plain","optional":true,"computed":true},"post_request_map":{"type":["map","string"],"description_kind":"plain","optional":true},"type":{"type":"string","description_kind":"plain","optional":true},"version":{"type":"number","description_kind":"plain","optional":true,"computed":true}},"description_kind":"plain"}},"sumologic_partition":{"version":0,"block":{"attributes":{"analytics_tier":{"type":"string","description_kind":"plain","optional":true},"data_forwarding_id":{"type":"string","description_kind":"plain","optional":true},"id":{"type":"string","description_kind":"plain","optional":true,"computed":true},"is_compliant":{"type":"bool","description_kind":"plain","required":true},"name":{"type":"string","description_kind":"plain","required":true},"retention_period":{"type":"number","description_kind":"plain","optional":true},"routing_expression":{"type":"string","description_kind":"plain","required":true}},"description_kind":"plain"}},"sumologic_polling_source":{"version":0,"block":{"attributes":{"automatic_date_parsing":{"type":"bool","description_kind":"plain","optional":true},"category":{"type":"string","description_kind":"plain","optional":true},"collector_id":{"type":"number","description_kind":"plain","required":true},"content_type":{"type":"string","description_kind":"plain","required":true},"cutoff_relative_time":{"type":"string","description_kind":"plain","optional":true},"cutoff_timestamp":{"type":"number","description_kind":"plain","optional":true},"description":{"type":"string","description_kind":"plain","optional":true},"fields":{"type":["map","string"],"description_kind":"plain","optional":true},"force_timezone":{"type":"bool","description_kind":"plain","optional":true},"host_name":{"type":"string","description_kind":"plain","optional":true},"id":{"type":"string","description_kind":"plain","optional":true,"computed":true},"manual_prefix_regexp":{"type":"string","description_kind":"plain","optional":true},"multiline_processing_enabled":{"type":"bool","description_kind":"plain","optional":true},"name":{"type":"string","description_kind":"plain","required":true},"paused":{"type":"bool","description_kind":"plain","required":true},"scan_interval":{"type":"number","description_kind":"plain","required":true},"timezone":{"type":"string","description_kind":"plain","optional":true},"url":{"type":"string","description_kind":"plain","computed":true},"use_autoline_matching":{"type":"bool","description_kind":"plain","optional":true}},"block_types":{"authentication":{"nesting_mode":"list","block":{"attributes":{"access_key":{"type":"string","description_kind":"plain","optional":true},"role_arn":{"type":"string","description_kind":"plain","optional":true},"secret_key":{"type":"string","description_kind":"plain","optional":true},"type":{"type":"string","description_kind":"plain","required":true}},"description_kind":"plain"},"min_items":1,"max_items":1},"default_date_formats":{"nesting_mode":"list","block":{"attributes":{"format":{"type":"string","description_kind":"plain","required":true},"locator":{"type":"string","description_kind":"plain","optional":true}},"description_kind":"plain"}},"filters":{"nesting_mode":"list","block":{"attributes":{"filter_type":{"type":"string","description_kind":"plain","required":true},"mask":{"type":"string","description_kind":"plain","optional":true},"name":{"type":"string","description_kind":"plain","required":true},"regexp":{"type":"string","description_kind":"plain","required":true}},"description_kind":"plain"}},"path":{"nesting_mode":"list","block":{"attributes":{"bucket_name":{"type":"string","description_kind":"plain","optional":true},"limit_to_namespaces":{"type":["list","string"],"description_kind":"plain","optional":true},"limit_to_regions":{"type":["list","string"],"description_kind":"plain","optional":true},"path_expression":{"type":"string","description_kind":"plain","optional":true},"type":{"type":"string","description_kind":"plain","required":true}},"block_types":{"tag_filters":{"nesting_mode":"list","block":{"attributes":{"namespace":{"type":"string","description_kind":"plain","optional":true},"tags":{"type":["list","string"],"description_kind":"plain","optional":true},"type":{"type":"string","description_kind":"plain","optional":true}},"description_kind":"plain"}}},"description_kind":"plain"},"min_items":1,"max_items":1}},"description_kind":"plain"}},"sumologic_role":{"version":0,"block":{"attributes":{"capabilities":{"type":["list","string"],"description_kind":"plain","optional":true},"description":{"type":"string","description_kind":"plain","optional":true},"filter_predicate":{"type":"string","description_kind":"plain","optional":true},"id":{"type":"string","description_kind":"plain","optional":true,"computed":true},"name":{"type":"string","description_kind":"plain","required":true}},"description_kind":"plain"}},"sumologic_s3_audit_source":{"version":0,"block":{"attributes":{"automatic_date_parsing":{"type":"bool","description_kind":"plain","optional":true},"category":{"type":"string","description_kind":"plain","optional":true},"collector_id":{"type":"number","description_kind":"plain","required":true},"content_type":{"type":"string","description_kind":"plain","required":true},"cutoff_relative_time":{"type":"string","description_kind":"plain","optional":true},"cutoff_timestamp":{"type":"number","description_kind":"plain","optional":true},"description":{"type":"string","description_kind":"plain","optional":true},"fields":{"type":["map","string"],"description_kind":"plain","optional":true},"force_timezone":{"type":"bool","description_kind":"plain","optional":true},"host_name":{"type":"string","description_kind":"plain","optional":true},"id":{"type":"string","description_kind":"plain","optional":true,"computed":true},"manual_prefix_regexp":{"type":"string","description_kind":"plain","optional":true},"multiline_processing_enabled":{"type":"bool","description_kind":"plain","optional":true},"name":{"type":"string","description_kind":"plain","required":true},"paused":{"type":"bool","description_kind":"plain","required":true},"scan_interval":{"type":"number","description_kind":"plain","required":true},"timezone":{"type":"string","description_kind":"plain","optional":true},"url":{"type":"string","description_kind":"plain","computed":true},"use_autoline_matching":{"type":"bool","description_kind":"plain","optional":true}},"block_types":{"authentication":{"nesting_mode":"list","block":{"attributes":{"access_key":{"type":"string","description_kind":"plain","optional":true},"role_arn":{"type":"string","description_kind":"plain","optional":true},"secret_key":{"type":"string","description_kind":"plain","optional":true},"type":{"type":"string","description_kind":"plain","required":true}},"description_kind":"plain"},"min_items":1,"max_items":1},"default_date_formats":{"nesting_mode":"list","block":{"attributes":{"format":{"type":"string","description_kind":"plain","required":true},"locator":{"type":"string","description_kind":"plain","optional":true}},"description_kind":"plain"}},"filters":{"nesting_mode":"list","block":{"attributes":{"filter_type":{"type":"string","description_kind":"plain","required":true},"mask":{"type":"string","description_kind":"plain","optional":true},"name":{"type":"string","description_kind":"plain","required":true},"regexp":{"type":"string","description_kind":"plain","required":true}},"description_kind":"plain"}},"path":{"nesting_mode":"list","block":{"attributes":{"bucket_name":{"type":"string","description_kind":"plain","optional":true},"limit_to_namespaces":{"type":["list","string"],"description_kind":"plain","optional":true},"limit_to_regions":{"type":["list","string"],"description_kind":"plain","optional":true},"path_expression":{"type":"string","description_kind":"plain","optional":true},"type":{"type":"string","description_kind":"plain","required":true}},"block_types":{"tag_filters":{"nesting_mode":"list","block":{"attributes":{"namespace":{"type":"string","description_kind":"plain","optional":true},"tags":{"type":["list","string"],"description_kind":"plain","optional":true},"type":{"type":"string","description_kind":"plain","optional":true}},"description_kind":"plain"}}},"description_kind":"plain"},"min_items":1,"max_items":1}},"description_kind":"plain"}},"sumologic_s3_source":{"version":0,"block":{"attributes":{"automatic_date_parsing":{"type":"bool","description_kind":"plain","optional":true},"category":{"type":"string","description_kind":"plain","optional":true},"collector_id":{"type":"number","description_kind":"plain","required":true},"content_type":{"type":"string","description_kind":"plain","required":true},"cutoff_relative_time":{"type":"string","description_kind":"plain","optional":true},"cutoff_timestamp":{"type":"number","description_kind":"plain","optional":true},"description":{"type":"string","description_kind":"plain","optional":true},"fields":{"type":["map","string"],"description_kind":"plain","optional":true},"force_timezone":{"type":"bool","description_kind":"plain","optional":true},"host_name":{"type":"string","description_kind":"plain","optional":true},"id":{"type":"string","description_kind":"plain","optional":true,"computed":true},"manual_prefix_regexp":{"type":"string","description_kind":"plain","optional":true},"multiline_processing_enabled":{"type":"bool","description_kind":"plain","optional":true},"name":{"type":"string","description_kind":"plain","required":true},"paused":{"type":"bool","description_kind":"plain","required":true},"scan_interval":{"type":"number","description_kind":"plain","required":true},"timezone":{"type":"string","description_kind":"plain","optional":true},"url":{"type":"string","description_kind":"plain","computed":true},"use_autoline_matching":{"type":"bool","description_kind":"plain","optional":true}},"block_types":{"authentication":{"nesting_mode":"list","block":{"attributes":{"access_key":{"type":"string","description_kind":"plain","optional":true},"role_arn":{"type":"string","description_kind":"plain","optional":true},"secret_key":{"type":"string","description_kind":"plain","optional":true},"type":{"type":"string","description_kind":"plain","required":true}},"description_kind":"plain"},"min_items":1,"max_items":1},"default_date_formats":{"nesting_mode":"list","block":{"attributes":{"format":{"type":"string","description_kind":"plain","required":true},"locator":{"type":"string","description_kind":"plain","optional":true}},"description_kind":"plain"}},"filters":{"nesting_mode":"list","block":{"attributes":{"filter_type":{"type":"string","description_kind":"plain","required":true},"mask":{"type":"string","description_kind":"plain","optional":true},"name":{"type":"string","description_kind":"plain","required":true},"regexp":{"type":"string","description_kind":"plain","required":true}},"description_kind":"plain"}},"path":{"nesting_mode":"list","block":{"attributes":{"bucket_name":{"type":"string","description_kind":"plain","optional":true},"limit_to_namespaces":{"type":["list","string"],"description_kind":"plain","optional":true},"limit_to_regions":{"type":["list","string"],"description_kind":"plain","optional":true},"path_expression":{"type":"string","description_kind":"plain","optional":true},"type":{"type":"string","description_kind":"plain","required":true}},"block_types":{"tag_filters":{"nesting_mode":"list","block":{"attributes":{"namespace":{"type":"string","description_kind":"plain","optional":true},"tags":{"type":["list","string"],"description_kind":"plain","optional":true},"type":{"type":"string","description_kind":"plain","optional":true}},"description_kind":"plain"}}},"description_kind":"plain"},"min_items":1,"max_items":1}},"description_kind":"plain"}},"sumologic_scheduled_view":{"version":0,"block":{"attributes":{"data_forwarding_id":{"type":"string","description_kind":"plain","optional":true},"id":{"type":"string","description_kind":"plain","optional":true,"computed":true},"index_name":{"type":"string","description_kind":"plain","required":true},"query":{"type":"string","description_kind":"plain","required":true},"retention_period":{"type":"number","description_kind":"plain","optional":true},"start_time":{"type":"string","description_kind":"plain","required":true}},"description_kind":"plain"}},"sumologic_user":{"version":0,"block":{"attributes":{"email":{"type":"string","description_kind":"plain","required":true},"first_name":{"type":"string","description_kind":"plain","required":true},"id":{"type":"string","description_kind":"plain","optional":true,"computed":true},"is_active":{"type":"bool","description_kind":"plain","optional":true},"last_name":{"type":"string","description_kind":"plain","required":true},"role_ids":{"type":["list","string"],"description_kind":"plain","required":true},"transfer_to":{"type":"string","description_kind":"plain","required":true}},"description_kind":"plain"}}},"data_source_schemas":{"sumologic_caller_identity":{"version":0,"block":{"attributes":{"access_id":{"type":"string","description_kind":"plain","computed":true},"environment":{"type":"string","description_kind":"plain","computed":true},"id":{"type":"string","description_kind":"plain","optional":true,"computed":true}},"description_kind":"plain"}},"sumologic_collector":{"version":0,"block":{"attributes":{"category":{"type":"string","description_kind":"plain","computed":true},"description":{"type":"string","description_kind":"plain","computed":true},"fields":{"type":["map","string"],"description_kind":"plain","computed":true},"id":{"type":"number","description_kind":"plain","optional":true,"computed":true},"name":{"type":"string","description_kind":"plain","optional":true,"computed":true},"timezone":{"type":"string","description_kind":"plain","computed":true}},"description_kind":"plain"}},"sumologic_http_source":{"version":0,"block":{"attributes":{"category":{"type":"string","description_kind":"plain","computed":true},"collector_id":{"type":"number","description_kind":"plain","optional":true},"description":{"type":"string","description_kind":"plain","computed":true},"id":{"type":"number","description_kind":"plain","optional":true,"computed":true},"multiline":{"type":"bool","description_kind":"plain","computed":true},"name":{"type":"string","description_kind":"plain","optional":true},"timezone":{"type":"string","description_kind":"plain","computed":true},"url":{"type":"string","description_kind":"plain","computed":true}},"description_kind":"plain"}},"sumologic_my_user_id":{"version":0,"block":{"attributes":{"id":{"type":"string","description_kind":"plain","optional":true,"computed":true}},"description_kind":"plain"}},"sumologic_personal_folder":{"version":0,"block":{"attributes":{"description":{"type":"string","description_kind":"plain","optional":true,"computed":true},"id":{"type":"string","description_kind":"plain","optional":true,"computed":true},"name":{"type":"string","description_kind":"plain","optional":true,"computed":true}},"description_kind":"plain"}}}}}}
