{"format_version":"0.1","provider_schemas":{"registry.terraform.io/phillbaker/elasticsearch":{"provider":{"version":0,"block":{"attributes":{"aws_access_key":{"type":"string","description":"The access key for use with AWS Elasticsearch Service domains","description_kind":"plain","optional":true},"aws_profile":{"type":"string","description":"The AWS profile for use with AWS Elasticsearch Service domains","description_kind":"plain","optional":true},"aws_region":{"type":"string","description":"The AWS region for use in signing of AWS elasticsearch requests. Must be specified in order to use AWS URL signing with AWS ElasticSearch endpoint exposed on a custom DNS domain.","description_kind":"plain","optional":true},"aws_secret_key":{"type":"string","description":"The secret key for use with AWS Elasticsearch Service domains","description_kind":"plain","optional":true},"aws_token":{"type":"string","description":"The session token for use with AWS Elasticsearch Service domains","description_kind":"plain","optional":true},"cacert_file":{"type":"string","description":"A Custom CA certificate","description_kind":"plain","optional":true},"client_cert_path":{"type":"string","description":"A X509 certificate to connect to elasticsearch","description_kind":"plain","optional":true},"client_key_path":{"type":"string","description":"A X509 key to connect to elasticsearch","description_kind":"plain","optional":true},"elasticsearch_version":{"type":"string","description":"ElasticSearch Version","description_kind":"plain","optional":true},"healthcheck":{"type":"bool","description":"Set the client healthcheck option for the elastic client. Healthchecking is designed for direct access to the cluster.","description_kind":"plain","optional":true},"insecure":{"type":"bool","description":"Disable SSL verification of API calls","description_kind":"plain","optional":true},"password":{"type":"string","description":"Password to use to connect to elasticsearch using basic auth","description_kind":"plain","optional":true},"sign_aws_requests":{"type":"bool","description":"Enable signing of AWS elasticsearch requests. The `url` must refer to AWS ES domain (`*.\u003cregion\u003e.es.amazonaws.com`), or `aws_region` must be specified explicitly.","description_kind":"plain","optional":true},"sniff":{"type":"bool","description":"Set the node sniffing option for the elastic client. Client won't work with sniffing if nodes are not routable.","description_kind":"plain","optional":true},"url":{"type":"string","description":"Elasticsearch URL","description_kind":"plain","required":true},"username":{"type":"string","description":"Username to use to connect to elasticsearch using basic auth","description_kind":"plain","optional":true}},"description_kind":"plain"}},"resource_schemas":{"elasticsearch_destination":{"version":0,"block":{"attributes":{"body":{"type":"string","description_kind":"plain","required":true},"id":{"type":"string","description_kind":"plain","optional":true,"computed":true}},"description_kind":"plain","deprecated":true}},"elasticsearch_index":{"version":0,"block":{"attributes":{"aliases":{"type":"string","description_kind":"plain","optional":true},"auto_expand_replicas":{"type":"string","description":"Set the number of replicas to the node count in the cluster","description_kind":"plain","optional":true},"codec":{"type":"string","description_kind":"plain","optional":true},"force_destroy":{"type":"bool","description":"A boolean that indicates that the index should be deleted even if it contains documents.","description_kind":"plain","optional":true},"id":{"type":"string","description_kind":"plain","optional":true,"computed":true},"load_fixed_bitset_filters_eagerly":{"type":"bool","description_kind":"plain","optional":true},"mappings":{"type":"string","description_kind":"plain","optional":true},"name":{"type":"string","description":"Name of the index to create","description_kind":"plain","required":true},"number_of_replicas":{"type":"string","description":"Number of shard replicas","description_kind":"plain","optional":true},"number_of_shards":{"type":"string","description":"Number of shards for the index","description_kind":"plain","optional":true},"refresh_interval":{"type":"string","description_kind":"plain","optional":true},"routing_partition_size":{"type":"number","description_kind":"plain","optional":true}},"description_kind":"plain"}},"elasticsearch_index_lifecycle_policy":{"version":0,"block":{"attributes":{"body":{"type":"string","description_kind":"plain","required":true},"id":{"type":"string","description_kind":"plain","optional":true,"computed":true},"name":{"type":"string","description_kind":"plain","required":true}},"description_kind":"plain"}},"elasticsearch_index_template":{"version":0,"block":{"attributes":{"body":{"type":"string","description_kind":"plain","required":true},"id":{"type":"string","description_kind":"plain","optional":true,"computed":true},"name":{"type":"string","description_kind":"plain","required":true}},"description_kind":"plain"}},"elasticsearch_ingest_pipeline":{"version":0,"block":{"attributes":{"body":{"type":"string","description_kind":"plain","required":true},"id":{"type":"string","description_kind":"plain","optional":true,"computed":true},"name":{"type":"string","description_kind":"plain","required":true}},"description_kind":"plain"}},"elasticsearch_kibana_object":{"version":0,"block":{"attributes":{"body":{"type":"string","description_kind":"plain","required":true},"id":{"type":"string","description_kind":"plain","optional":true,"computed":true},"index":{"type":"string","description_kind":"plain","optional":true}},"description_kind":"plain"}},"elasticsearch_monitor":{"version":0,"block":{"attributes":{"body":{"type":"string","description_kind":"plain","required":true},"id":{"type":"string","description_kind":"plain","optional":true,"computed":true}},"description_kind":"plain","deprecated":true}},"elasticsearch_opendistro_destination":{"version":0,"block":{"attributes":{"body":{"type":"string","description_kind":"plain","required":true},"id":{"type":"string","description_kind":"plain","optional":true,"computed":true}},"description_kind":"plain"}},"elasticsearch_opendistro_ism_policy":{"version":0,"block":{"attributes":{"body":{"type":"string","description_kind":"plain","required":true},"id":{"type":"string","description_kind":"plain","optional":true,"computed":true},"policy_id":{"type":"string","description_kind":"plain","required":true},"primary_term":{"type":"number","description_kind":"plain","optional":true,"computed":true},"seq_no":{"type":"number","description_kind":"plain","optional":true,"computed":true}},"description_kind":"plain"}},"elasticsearch_opendistro_ism_policy_mapping":{"version":0,"block":{"attributes":{"id":{"type":"string","description_kind":"plain","optional":true,"computed":true},"include":{"type":["set",["map","string"]],"description_kind":"plain","optional":true},"indexes":{"type":"string","description_kind":"plain","required":true},"is_safe":{"type":"bool","description_kind":"plain","optional":true},"managed_indexes":{"type":["set","string"],"description_kind":"plain","optional":true,"computed":true},"policy_id":{"type":"string","description_kind":"plain","required":true},"state":{"type":"string","description_kind":"plain","optional":true}},"description_kind":"plain"}},"elasticsearch_opendistro_monitor":{"version":0,"block":{"attributes":{"body":{"type":"string","description_kind":"plain","required":true},"id":{"type":"string","description_kind":"plain","optional":true,"computed":true}},"description_kind":"plain"}},"elasticsearch_opendistro_role":{"version":0,"block":{"attributes":{"cluster_permissions":{"type":["set","string"],"description_kind":"plain","optional":true},"description":{"type":"string","description_kind":"plain","optional":true},"id":{"type":"string","description_kind":"plain","optional":true,"computed":true},"role_name":{"type":"string","description_kind":"plain","required":true}},"block_types":{"index_permissions":{"nesting_mode":"set","block":{"attributes":{"allowed_actions":{"type":["set","string"],"description_kind":"plain","optional":true},"fls":{"type":["set","string"],"description_kind":"plain","optional":true},"index_patterns":{"type":["set","string"],"description_kind":"plain","optional":true},"masked_fields":{"type":["set","string"],"description_kind":"plain","optional":true}},"description_kind":"plain"}},"tenant_permissions":{"nesting_mode":"set","block":{"attributes":{"allowed_actions":{"type":["set","string"],"description_kind":"plain","optional":true},"tenant_patterns":{"type":["set","string"],"description_kind":"plain","optional":true}},"description_kind":"plain"}}},"description_kind":"plain"}},"elasticsearch_opendistro_roles_mapping":{"version":0,"block":{"attributes":{"and_backend_roles":{"type":["set","string"],"description_kind":"plain","optional":true},"backend_roles":{"type":["set","string"],"description_kind":"plain","optional":true},"description":{"type":"string","description_kind":"plain","optional":true},"hosts":{"type":["set","string"],"description_kind":"plain","optional":true},"id":{"type":"string","description_kind":"plain","optional":true,"computed":true},"role_name":{"type":"string","description_kind":"plain","required":true},"users":{"type":["set","string"],"description_kind":"plain","optional":true}},"description_kind":"plain"}},"elasticsearch_snapshot_repository":{"version":0,"block":{"attributes":{"id":{"type":"string","description_kind":"plain","optional":true,"computed":true},"name":{"type":"string","description_kind":"plain","required":true},"settings":{"type":["map","string"],"description_kind":"plain","optional":true},"type":{"type":"string","description_kind":"plain","required":true}},"description_kind":"plain"}},"elasticsearch_watch":{"version":0,"block":{"attributes":{"body":{"type":"string","description_kind":"plain","required":true},"id":{"type":"string","description_kind":"plain","optional":true,"computed":true},"watch_id":{"type":"string","description_kind":"plain","required":true}},"description_kind":"plain","deprecated":true}},"elasticsearch_xpack_role":{"version":0,"block":{"attributes":{"cluster":{"type":["set","string"],"description_kind":"plain","optional":true},"global":{"type":"string","description_kind":"plain","optional":true},"id":{"type":"string","description_kind":"plain","optional":true,"computed":true},"metadata":{"type":"string","description_kind":"plain","optional":true},"role_name":{"type":"string","description_kind":"plain","required":true},"run_as":{"type":["set","string"],"description_kind":"plain","optional":true}},"block_types":{"applications":{"nesting_mode":"set","block":{"attributes":{"application":{"type":"string","description_kind":"plain","required":true},"privileges":{"type":["set","string"],"description_kind":"plain","optional":true},"resources":{"type":["set","string"],"description_kind":"plain","optional":true}},"description_kind":"plain"}},"indices":{"nesting_mode":"set","block":{"attributes":{"names":{"type":["set","string"],"description_kind":"plain","required":true},"privileges":{"type":["set","string"],"description_kind":"plain","required":true},"query":{"type":"string","description_kind":"plain","optional":true}},"block_types":{"field_security":{"nesting_mode":"list","block":{"attributes":{"except":{"type":["set","string"],"description_kind":"plain","optional":true},"grant":{"type":["set","string"],"description_kind":"plain","optional":true}},"description_kind":"plain"},"max_items":1}},"description_kind":"plain"}}},"description_kind":"plain"}},"elasticsearch_xpack_role_mapping":{"version":0,"block":{"attributes":{"enabled":{"type":"bool","description_kind":"plain","optional":true},"id":{"type":"string","description_kind":"plain","optional":true,"computed":true},"metadata":{"type":"string","description_kind":"plain","optional":true},"role_mapping_name":{"type":"string","description_kind":"plain","required":true},"roles":{"type":["set","string"],"description_kind":"plain","required":true},"rules":{"type":"string","description_kind":"plain","required":true}},"description_kind":"plain"}},"elasticsearch_xpack_snapshot_lifecycle_policy":{"version":0,"block":{"attributes":{"body":{"type":"string","description_kind":"plain","required":true},"id":{"type":"string","description_kind":"plain","optional":true,"computed":true},"name":{"type":"string","description_kind":"plain","required":true}},"description_kind":"plain"}},"elasticsearch_xpack_user":{"version":0,"block":{"attributes":{"email":{"type":"string","description_kind":"plain","optional":true},"enabled":{"type":"bool","description_kind":"plain","optional":true},"fullname":{"type":"string","description_kind":"plain","optional":true},"id":{"type":"string","description_kind":"plain","optional":true,"computed":true},"metadata":{"type":"string","description_kind":"plain","optional":true},"password":{"type":"string","description_kind":"plain","optional":true,"sensitive":true},"password_hash":{"type":"string","description_kind":"plain","optional":true,"sensitive":true},"roles":{"type":["set","string"],"description_kind":"plain","required":true},"username":{"type":"string","description_kind":"plain","required":true}},"description_kind":"plain"}},"elasticsearch_xpack_watch":{"version":0,"block":{"attributes":{"body":{"type":"string","description_kind":"plain","required":true},"id":{"type":"string","description_kind":"plain","optional":true,"computed":true},"watch_id":{"type":"string","description_kind":"plain","required":true}},"description_kind":"plain"}}},"data_source_schemas":{"elasticsearch_destination":{"version":0,"block":{"attributes":{"body":{"type":["map","string"],"description_kind":"plain","computed":true},"id":{"type":"string","description_kind":"plain","optional":true,"computed":true},"name":{"type":"string","description_kind":"plain","required":true}},"description_kind":"plain","deprecated":true}},"elasticsearch_host":{"version":0,"block":{"attributes":{"active":{"type":"bool","description_kind":"plain","required":true},"id":{"type":"string","description_kind":"plain","optional":true,"computed":true},"url":{"type":"string","description_kind":"plain","computed":true}},"description_kind":"plain"}},"elasticsearch_opendistro_destination":{"version":0,"block":{"attributes":{"body":{"type":["map","string"],"description_kind":"plain","computed":true},"id":{"type":"string","description_kind":"plain","optional":true,"computed":true},"name":{"type":"string","description_kind":"plain","required":true}},"description_kind":"plain"}}}}}}
